{
  "version": 4,
  "terraform_version": "1.11.4",
  "serial": 75,
  "lineage": "fa3f4919-188a-1a52-8131-91d2adaac4f1",
  "outputs": {
    "acr": {
      "value": {
        "id": "/subscriptions/dcef7009-6b94-4382-afdc-17eb160d709a/resourceGroups/rg-lzaks-spoke-aks-infra/providers/Microsoft.ContainerRegistry/registries/acrforakstf01357"
      },
      "type": [
        "object",
        {
          "id": "string"
        }
      ]
    },
    "application_gateway": {
      "value": {
        "enabled": false,
        "id": null
      },
      "type": [
        "object",
        {
          "enabled": "bool",
          "id": "dynamic"
        }
      ]
    },
    "dns_zone_apps": {
      "value": {
        "fqdn": null
      },
      "type": [
        "object",
        {
          "fqdn": "dynamic"
        }
      ]
    },
    "grafana": {
      "value": {
        "dns_url": "grafana-123579-ccb6adhtbdbzf9g0.cse.grafana.azure.com",
        "endpoint": "https://grafana-123579-ccb6adhtbdbzf9g0.cse.grafana.azure.com",
        "id": "/subscriptions/dcef7009-6b94-4382-afdc-17eb160d709a/resourceGroups/rg-lzaks-spoke-aks-infra/providers/Microsoft.Dashboard/grafana/grafana-123579"
      },
      "type": [
        "object",
        {
          "dns_url": "string",
          "endpoint": "string",
          "id": "string"
        }
      ]
    },
    "prometheus": {
      "value": {
        "data_collection_endpoint_id": "/subscriptions/dcef7009-6b94-4382-afdc-17eb160d709a/resourceGroups/rg-lzaks-spoke-aks-infra/providers/Microsoft.Insights/dataCollectionEndpoints/prometheus-data-collection-endpoint",
        "data_collection_rule_id": "/subscriptions/dcef7009-6b94-4382-afdc-17eb160d709a/resourceGroups/rg-lzaks-spoke-aks-infra/providers/Microsoft.Insights/dataCollectionRules/prometheus-data-collection-rule",
        "id": "/subscriptions/dcef7009-6b94-4382-afdc-17eb160d709a/resourceGroups/rg-lzaks-spoke-aks-infra/providers/Microsoft.Monitor/accounts/monitor-workspace-prometheus"
      },
      "type": [
        "object",
        {
          "data_collection_endpoint_id": "string",
          "data_collection_rule_id": "string",
          "id": "string"
        }
      ]
    },
    "route_table": {
      "value": {
        "id": "/subscriptions/dcef7009-6b94-4382-afdc-17eb160d709a/resourceGroups/rg-lzaks-spoke-aks-infra/providers/Microsoft.Network/routeTables/route-table-to-firewall"
      },
      "type": [
        "object",
        {
          "id": "string"
        }
      ]
    },
    "snet_aks": {
      "value": {
        "id": "/subscriptions/dcef7009-6b94-4382-afdc-17eb160d709a/resourceGroups/rg-lzaks-spoke-aks-infra/providers/Microsoft.Network/virtualNetworks/vnet-spoke-aks/subnets/snet-aks"
      },
      "type": [
        "object",
        {
          "id": "string"
        }
      ]
    },
    "vnet_spoke_aks": {
      "value": {
        "address_space": [
          "10.1.0.0/16"
        ],
        "id": "/subscriptions/dcef7009-6b94-4382-afdc-17eb160d709a/resourceGroups/rg-lzaks-spoke-aks-infra/providers/Microsoft.Network/virtualNetworks/vnet-spoke-aks",
        "resource_group_name": "rg-lzaks-spoke-aks-infra",
        "virtual_network_name": "vnet-spoke-aks"
      },
      "type": [
        "object",
        {
          "address_space": [
            "set",
            "string"
          ],
          "id": "string",
          "resource_group_name": "string",
          "virtual_network_name": "string"
        }
      ]
    }
  },
  "resources": [
    {
      "mode": "data",
      "type": "azuread_client_config",
      "name": "current",
      "provider": "provider[\"registry.terraform.io/hashicorp/azuread\"]",
      "instances": [
        {
          "schema_version": 0,
          "attributes": {
            "client_id": "04b07795-8ddb-461a-bbee-02f9e1bf7b46",
            "id": "93139d1e-a3c1-4d78-9ed5-878be090eba4-04b07795-8ddb-461a-bbee-02f9e1bf7b46-8173c45d-035e-4692-8f40-540cd5fc0f18",
            "object_id": "8173c45d-035e-4692-8f40-540cd5fc0f18",
            "tenant_id": "93139d1e-a3c1-4d78-9ed5-878be090eba4",
            "timeouts": null
          },
          "sensitive_attributes": []
        }
      ]
    },
    {
      "mode": "data",
      "type": "azuread_service_principal",
      "name": "aks_aad_server",
      "provider": "provider[\"registry.terraform.io/hashicorp/azuread\"]",
      "instances": [
        {
          "schema_version": 0,
          "attributes": {
            "account_enabled": true,
            "alternative_names": [],
            "app_role_assignment_required": false,
            "app_role_ids": {},
            "app_roles": [],
            "application_tenant_id": "f8cdef31-a31e-4b4a-93e4-5f571e91255a",
            "client_id": "6dae42f8-4368-4678-94ff-3960e28e3630",
            "description": "",
            "display_name": "Azure Kubernetes Service AAD Server",
            "feature_tags": [
              {
                "custom_single_sign_on": false,
                "enterprise": false,
                "gallery": false,
                "hide": false
              }
            ],
            "features": [
              {
                "custom_single_sign_on_app": false,
                "enterprise_application": false,
                "gallery_application": false,
                "visible_to_users": true
              }
            ],
            "homepage_url": "",
            "id": "/servicePrincipals/29d0a25f-4c41-4196-9461-d76b66455dd1",
            "login_url": "",
            "logout_url": "",
            "notes": "",
            "notification_email_addresses": [],
            "oauth2_permission_scope_ids": {
              "user.read": "34a47c2f-cd0d-47b4-a93c-2c41130c671c"
            },
            "oauth2_permission_scopes": [
              {
                "admin_consent_description": "this allows to read user profile",
                "admin_consent_display_name": "user.read",
                "enabled": true,
                "id": "34a47c2f-cd0d-47b4-a93c-2c41130c671c",
                "type": "User",
                "user_consent_description": "this allows to read user profile",
                "user_consent_display_name": "user.read",
                "value": "user.read"
              }
            ],
            "object_id": "29d0a25f-4c41-4196-9461-d76b66455dd1",
            "preferred_single_sign_on_mode": "",
            "redirect_uris": [],
            "saml_metadata_url": "",
            "saml_single_sign_on": [],
            "service_principal_names": [
              "https://aks-aad-server.azure.com"
            ],
            "sign_in_audience": "AzureADMultipleOrgs",
            "tags": [],
            "timeouts": null,
            "type": "Application"
          },
          "sensitive_attributes": []
        }
      ]
    },
    {
      "mode": "data",
      "type": "azurerm_client_config",
      "name": "current",
      "provider": "provider[\"registry.terraform.io/hashicorp/azurerm\"]",
      "instances": [
        {
          "schema_version": 0,
          "attributes": {
            "client_id": "04b07795-8ddb-461a-bbee-02f9e1bf7b46",
            "id": "Y2xpZW50Q29uZmlncy9jbGllbnRJZD0wNGIwNzc5NS04ZGRiLTQ2MWEtYmJlZS0wMmY5ZTFiZjdiNDY7b2JqZWN0SWQ9ODE3M2M0NWQtMDM1ZS00NjkyLThmNDAtNTQwY2Q1ZmMwZjE4O3N1YnNjcmlwdGlvbklkPWRjZWY3MDA5LTZiOTQtNDM4Mi1hZmRjLTE3ZWIxNjBkNzA5YTt0ZW5hbnRJZD05MzEzOWQxZS1hM2MxLTRkNzgtOWVkNS04NzhiZTA5MGViYTQ=",
            "object_id": "8173c45d-035e-4692-8f40-540cd5fc0f18",
            "subscription_id": "dcef7009-6b94-4382-afdc-17eb160d709a",
            "tenant_id": "93139d1e-a3c1-4d78-9ed5-878be090eba4",
            "timeouts": null
          },
          "sensitive_attributes": []
        }
      ]
    },
    {
      "mode": "data",
      "type": "azurerm_subscription",
      "name": "subscription_spoke",
      "provider": "provider[\"registry.terraform.io/hashicorp/azurerm\"]",
      "instances": [
        {
          "schema_version": 0,
          "attributes": {
            "display_name": "ME-MngEnvMCAP784683-hodellai-1",
            "id": "/subscriptions/dcef7009-6b94-4382-afdc-17eb160d709a",
            "location_placement_id": "Internal_2014-09-01",
            "quota_id": "Internal_2014-09-01",
            "spending_limit": "Off",
            "state": "Enabled",
            "subscription_id": "dcef7009-6b94-4382-afdc-17eb160d709a",
            "tags": {
              "Division": "Core",
              "Environment": "Hybrid",
              "Purpose": "UserTenant",
              "TimeZone": "_P29145_France_444350001"
            },
            "tenant_id": "93139d1e-a3c1-4d78-9ed5-878be090eba4",
            "timeouts": null
          },
          "sensitive_attributes": []
        }
      ]
    },
    {
      "mode": "data",
      "type": "http",
      "name": "machine_ip",
      "provider": "provider[\"registry.terraform.io/hashicorp/http\"]",
      "instances": [
        {
          "schema_version": 0,
          "attributes": {
            "body": "176.177.25.47\n",
            "ca_cert_pem": null,
            "id": "http://ifconf.me",
            "insecure": null,
            "method": null,
            "request_body": null,
            "request_headers": {
              "Accept": "application/json"
            },
            "request_timeout_ms": null,
            "response_body": "176.177.25.47\n",
            "response_body_base64": "MTc2LjE3Ny4yNS40Nwo=",
            "response_headers": {
              "Connection": "keep-alive",
              "Content-Length": "14",
              "Content-Type": "application/octet-stream",
              "Date": "Sat, 12 Apr 2025 05:09:39 GMT",
              "Server": "nginx/1.12.2"
            },
            "retry": null,
            "status_code": 200,
            "url": "http://ifconf.me"
          },
          "sensitive_attributes": []
        }
      ]
    },
    {
      "mode": "data",
      "type": "terraform_remote_state",
      "name": "hub",
      "provider": "provider[\"terraform.io/builtin/terraform\"]",
      "instances": [
        {
          "index_key": 0,
          "schema_version": 0,
          "attributes": {
            "backend": "local",
            "config": {
              "value": {
                "path": "../01_hub/terraform.tfstate"
              },
              "type": [
                "object",
                {
                  "path": "string"
                }
              ]
            },
            "defaults": null,
            "outputs": {
              "value": {
                "dns_zone_aks": {
                  "id": "/subscriptions/dcef7009-6b94-4382-afdc-17eb160d709a/resourceGroups/rg-lzaks-hub/providers/Microsoft.Network/privateDnsZones/privatelink.swedencentral.azmk8s.io"
                },
                "dns_zone_apps": {
                  "name": "apps.azure-aks-enterprise.com",
                  "resource_group_name": "rg-lzaks-hub"
                },
                "firewall": {
                  "enabled": true,
                  "policy_id": "/subscriptions/dcef7009-6b94-4382-afdc-17eb160d709a/resourceGroups/rg-lzaks-hub/providers/Microsoft.Network/firewallPolicies/firewall-policy",
                  "private_ip": "172.16.0.4",
                  "public_ip": "74.241.135.45"
                },
                "vnet_hub": {
                  "id": "/subscriptions/dcef7009-6b94-4382-afdc-17eb160d709a/resourceGroups/rg-lzaks-hub/providers/Microsoft.Network/virtualNetworks/vnet-hub"
                }
              },
              "type": [
                "object",
                {
                  "dns_zone_aks": [
                    "object",
                    {
                      "id": "string"
                    }
                  ],
                  "dns_zone_apps": [
                    "object",
                    {
                      "name": "string",
                      "resource_group_name": "string"
                    }
                  ],
                  "firewall": [
                    "object",
                    {
                      "enabled": "bool",
                      "policy_id": "string",
                      "private_ip": "string",
                      "public_ip": "string"
                    }
                  ],
                  "vnet_hub": [
                    "object",
                    {
                      "id": "string"
                    }
                  ]
                }
              ]
            },
            "workspace": null
          },
          "sensitive_attributes": []
        }
      ]
    },
    {
      "mode": "managed",
      "type": "azurerm_container_registry",
      "name": "acr",
      "provider": "provider[\"registry.terraform.io/hashicorp/azurerm\"]",
      "instances": [
        {
          "schema_version": 2,
          "attributes": {
            "admin_enabled": false,
            "admin_password": "",
            "admin_username": "",
            "anonymous_pull_enabled": false,
            "data_endpoint_enabled": false,
            "encryption": [],
            "export_policy_enabled": true,
            "georeplications": [
              {
                "location": "eastus",
                "regional_endpoint_enabled": true,
                "tags": {},
                "zone_redundancy_enabled": false
              },
              {
                "location": "northeurope",
                "regional_endpoint_enabled": true,
                "tags": {},
                "zone_redundancy_enabled": false
              }
            ],
            "id": "/subscriptions/dcef7009-6b94-4382-afdc-17eb160d709a/resourceGroups/rg-lzaks-spoke-aks-infra/providers/Microsoft.ContainerRegistry/registries/acrforakstf01357",
            "identity": [],
            "location": "swedencentral",
            "login_server": "acrforakstf01357.azurecr.io",
            "name": "acrforakstf01357",
            "network_rule_bypass_option": "AzureServices",
            "network_rule_set": [
              {
                "default_action": "Deny",
                "ip_rule": [
                  {
                    "action": "Allow",
                    "ip_range": "176.177.25.47/32"
                  }
                ]
              }
            ],
            "public_network_access_enabled": true,
            "quarantine_policy_enabled": false,
            "resource_group_name": "rg-lzaks-spoke-aks-infra",
            "retention_policy_in_days": 0,
            "sku": "Premium",
            "tags": {
              "architecture": "Hub\u0026Spoke",
              "environment": "development",
              "source": "terraform"
            },
            "timeouts": null,
            "trust_policy_enabled": false,
            "zone_redundancy_enabled": false
          },
          "sensitive_attributes": [
            [
              {
                "type": "get_attr",
                "value": "admin_password"
              }
            ]
          ],
          "private": "eyJlMmJmYjczMC1lY2FhLTExZTYtOGY4OC0zNDM2M2JjN2M0YzAiOnsiY3JlYXRlIjoxODAwMDAwMDAwMDAwLCJkZWxldGUiOjE4MDAwMDAwMDAwMDAsInJlYWQiOjMwMDAwMDAwMDAwMCwidXBkYXRlIjoxODAwMDAwMDAwMDAwfSwic2NoZW1hX3ZlcnNpb24iOiIyIn0=",
          "dependencies": [
            "azurerm_resource_group.rg",
            "data.http.machine_ip"
          ]
        }
      ]
    },
    {
      "mode": "managed",
      "type": "azurerm_dashboard_grafana",
      "name": "grafana",
      "provider": "provider[\"registry.terraform.io/hashicorp/azurerm\"]",
      "instances": [
        {
          "index_key": 0,
          "schema_version": 0,
          "attributes": {
            "api_key_enabled": true,
            "auto_generated_domain_name_label_scope": "TenantReuse",
            "azure_monitor_workspace_integrations": [
              {
                "resource_id": "/subscriptions/dcef7009-6b94-4382-afdc-17eb160d709a/resourceGroups/rg-lzaks-spoke-aks-infra/providers/Microsoft.Monitor/accounts/monitor-workspace-prometheus"
              }
            ],
            "deterministic_outbound_ip_enabled": true,
            "endpoint": "https://grafana-123579-ccb6adhtbdbzf9g0.cse.grafana.azure.com",
            "grafana_major_version": "10",
            "grafana_version": "10.4.15",
            "id": "/subscriptions/dcef7009-6b94-4382-afdc-17eb160d709a/resourceGroups/rg-lzaks-spoke-aks-infra/providers/Microsoft.Dashboard/grafana/grafana-123579",
            "identity": [
              {
                "identity_ids": [],
                "principal_id": "88b2bb0e-ca08-4611-91e7-736a2bd5cdb0",
                "tenant_id": "93139d1e-a3c1-4d78-9ed5-878be090eba4",
                "type": "SystemAssigned"
              }
            ],
            "location": "swedencentral",
            "name": "grafana-123579",
            "outbound_ip": [
              "135.225.29.83",
              "4.223.95.186"
            ],
            "public_network_access_enabled": true,
            "resource_group_name": "rg-lzaks-spoke-aks-infra",
            "sku": "Standard",
            "smtp": [],
            "tags": {
              "architecture": "Hub\u0026Spoke",
              "environment": "development",
              "source": "terraform"
            },
            "timeouts": null,
            "zone_redundancy_enabled": false
          },
          "sensitive_attributes": [],
          "private": "eyJlMmJmYjczMC1lY2FhLTExZTYtOGY4OC0zNDM2M2JjN2M0YzAiOnsiY3JlYXRlIjoxODAwMDAwMDAwMDAwLCJkZWxldGUiOjE4MDAwMDAwMDAwMDAsInJlYWQiOjMwMDAwMDAwMDAwMCwidXBkYXRlIjoxODAwMDAwMDAwMDAwfX0=",
          "dependencies": [
            "azurerm_monitor_workspace.prometheus",
            "azurerm_resource_group.rg"
          ]
        }
      ]
    },
    {
      "mode": "managed",
      "type": "azurerm_dns_cname_record",
      "name": "cname_record_grafana",
      "provider": "provider[\"registry.terraform.io/hashicorp/azurerm\"]",
      "instances": [
        {
          "index_key": 0,
          "schema_version": 1,
          "attributes": {
            "fqdn": "grafana.apps.azure-aks-enterprise.com.",
            "id": "/subscriptions/dcef7009-6b94-4382-afdc-17eb160d709a/resourceGroups/rg-lzaks-hub/providers/Microsoft.Network/dnsZones/apps.azure-aks-enterprise.com/CNAME/grafana",
            "name": "grafana",
            "record": "grafana-123579-ccb6adhtbdbzf9g0.cse.grafana.azure.com",
            "resource_group_name": "rg-lzaks-hub",
            "tags": {},
            "target_resource_id": "",
            "timeouts": null,
            "ttl": 300,
            "zone_name": "apps.azure-aks-enterprise.com"
          },
          "sensitive_attributes": [],
          "private": "eyJlMmJmYjczMC1lY2FhLTExZTYtOGY4OC0zNDM2M2JjN2M0YzAiOnsiY3JlYXRlIjoxODAwMDAwMDAwMDAwLCJkZWxldGUiOjE4MDAwMDAwMDAwMDAsInJlYWQiOjMwMDAwMDAwMDAwMCwidXBkYXRlIjoxODAwMDAwMDAwMDAwfSwic2NoZW1hX3ZlcnNpb24iOiIxIn0=",
          "dependencies": [
            "azurerm_dashboard_grafana.grafana",
            "azurerm_monitor_workspace.prometheus",
            "azurerm_resource_group.rg",
            "data.terraform_remote_state.hub"
          ]
        }
      ]
    },
    {
      "mode": "managed",
      "type": "azurerm_firewall_policy_rule_collection_group",
      "name": "policy_group_aks",
      "provider": "provider[\"registry.terraform.io/hashicorp/azurerm\"]",
      "instances": [
        {
          "index_key": 0,
          "schema_version": 0,
          "attributes": {
            "application_rule_collection": [
              {
                "action": "Allow",
                "name": "app-rules-private-aks",
                "priority": 200,
                "rule": [
                  {
                    "description": "",
                    "destination_addresses": [],
                    "destination_fqdn_tags": [],
                    "destination_fqdns": [
                      "login.microsoftonline.com"
                    ],
                    "destination_urls": [],
                    "http_headers": [],
                    "name": "MicrosoftEntraAuthentication",
                    "protocols": [
                      {
                        "port": 443,
                        "type": "Https"
                      }
                    ],
                    "source_addresses": [
                      "10.1.4.0/22"
                    ],
                    "source_ip_groups": [],
                    "terminate_tls": false,
                    "web_categories": []
                  },
                  {
                    "description": "",
                    "destination_addresses": [],
                    "destination_fqdn_tags": [],
                    "destination_fqdns": [
                      "mcr.microsoft.com",
                      "*.data.mcr.microsoft.com",
                      "mcr-0001.mcr-msedge.net"
                    ],
                    "destination_urls": [],
                    "http_headers": [],
                    "name": "MicrosoftContainerRegistry",
                    "protocols": [
                      {
                        "port": 443,
                        "type": "Https"
                      }
                    ],
                    "source_addresses": [
                      "10.1.4.0/22"
                    ],
                    "source_ip_groups": [],
                    "terminate_tls": false,
                    "web_categories": []
                  },
                  {
                    "description": "",
                    "destination_addresses": [],
                    "destination_fqdn_tags": [],
                    "destination_fqdns": [
                      "management.azure.com"
                    ],
                    "destination_urls": [],
                    "http_headers": [],
                    "name": "AzureAPI",
                    "protocols": [
                      {
                        "port": 443,
                        "type": "Https"
                      }
                    ],
                    "source_addresses": [
                      "10.1.4.0/22"
                    ],
                    "source_ip_groups": [],
                    "terminate_tls": false,
                    "web_categories": []
                  },
                  {
                    "description": "",
                    "destination_addresses": [],
                    "destination_fqdn_tags": [],
                    "destination_fqdns": [
                      "packages.microsoft.com"
                    ],
                    "destination_urls": [],
                    "http_headers": [],
                    "name": "MicrosoftPackagesRepository",
                    "protocols": [
                      {
                        "port": 443,
                        "type": "Https"
                      }
                    ],
                    "source_addresses": [
                      "10.1.4.0/22"
                    ],
                    "source_ip_groups": [],
                    "terminate_tls": false,
                    "web_categories": []
                  },
                  {
                    "description": "",
                    "destination_addresses": [],
                    "destination_fqdn_tags": [],
                    "destination_fqdns": [
                      "acs-mirror.azureedge.net"
                    ],
                    "destination_urls": [],
                    "http_headers": [],
                    "name": "AKStoolsBinaries",
                    "protocols": [
                      {
                        "port": 443,
                        "type": "Https"
                      }
                    ],
                    "source_addresses": [
                      "10.1.4.0/22"
                    ],
                    "source_ip_groups": [],
                    "terminate_tls": false,
                    "web_categories": []
                  },
                  {
                    "description": "",
                    "destination_addresses": [],
                    "destination_fqdn_tags": [],
                    "destination_fqdns": [
                      "security.ubuntu.com",
                      "azure.archive.ubuntu.com",
                      "changelogs.ubuntu.com"
                    ],
                    "destination_urls": [],
                    "http_headers": [],
                    "name": "LinuxSecurityPatchAndUpdate",
                    "protocols": [
                      {
                        "port": 80,
                        "type": "Http"
                      }
                    ],
                    "source_addresses": [
                      "10.1.4.0/22"
                    ],
                    "source_ip_groups": [],
                    "terminate_tls": false,
                    "web_categories": []
                  },
                  {
                    "description": "",
                    "destination_addresses": [],
                    "destination_fqdn_tags": [],
                    "destination_fqdns": [
                      "snapshot.ubuntu.com"
                    ],
                    "destination_urls": [],
                    "http_headers": [],
                    "name": "LinuxSecurityPatchAndUpdateFromSnapshotService",
                    "protocols": [
                      {
                        "port": 443,
                        "type": "Https"
                      }
                    ],
                    "source_addresses": [
                      "10.1.4.0/22"
                    ],
                    "source_ip_groups": [],
                    "terminate_tls": false,
                    "web_categories": []
                  },
                  {
                    "description": "",
                    "destination_addresses": [],
                    "destination_fqdn_tags": [],
                    "destination_fqdns": [
                      "data.policy.core.windows.net"
                    ],
                    "destination_urls": [],
                    "http_headers": [],
                    "name": "AzurePolicy",
                    "protocols": [
                      {
                        "port": 443,
                        "type": "Https"
                      }
                    ],
                    "source_addresses": [
                      "10.1.4.0/22"
                    ],
                    "source_ip_groups": [],
                    "terminate_tls": false,
                    "web_categories": []
                  },
                  {
                    "description": "",
                    "destination_addresses": [],
                    "destination_fqdn_tags": [],
                    "destination_fqdns": [
                      "store.policy.core.windows.net"
                    ],
                    "destination_urls": [],
                    "http_headers": [],
                    "name": "GatekeeperArtifactsAndPolicies",
                    "protocols": [
                      {
                        "port": 443,
                        "type": "Https"
                      }
                    ],
                    "source_addresses": [
                      "10.1.4.0/22"
                    ],
                    "source_ip_groups": [],
                    "terminate_tls": false,
                    "web_categories": []
                  },
                  {
                    "description": "",
                    "destination_addresses": [],
                    "destination_fqdn_tags": [],
                    "destination_fqdns": [
                      "dc.services.visualstudio.com"
                    ],
                    "destination_urls": [],
                    "http_headers": [],
                    "name": "AzurePolicyAddonSendsTelemetryToAppInsights",
                    "protocols": [
                      {
                        "port": 443,
                        "type": "Https"
                      }
                    ],
                    "source_addresses": [
                      "10.1.4.0/22"
                    ],
                    "source_ip_groups": [],
                    "terminate_tls": false,
                    "web_categories": []
                  },
                  {
                    "description": "",
                    "destination_addresses": [],
                    "destination_fqdn_tags": [],
                    "destination_fqdns": [
                      "vault.azure.net"
                    ],
                    "destination_urls": [],
                    "http_headers": [],
                    "name": "AzureKeyVault",
                    "protocols": [
                      {
                        "port": 443,
                        "type": "Https"
                      }
                    ],
                    "source_addresses": [
                      "10.1.4.0/22"
                    ],
                    "source_ip_groups": [],
                    "terminate_tls": false,
                    "web_categories": []
                  },
                  {
                    "description": "",
                    "destination_addresses": [],
                    "destination_fqdn_tags": [],
                    "destination_fqdns": [
                      "*.swedencentral.azmk8s.io"
                    ],
                    "destination_urls": [],
                    "http_headers": [],
                    "name": "AKSControlPlane",
                    "protocols": [
                      {
                        "port": 443,
                        "type": "Https"
                      }
                    ],
                    "source_addresses": [
                      "10.1.4.0/22"
                    ],
                    "source_ip_groups": [],
                    "terminate_tls": false,
                    "web_categories": []
                  }
                ]
              }
            ],
            "firewall_policy_id": "/subscriptions/dcef7009-6b94-4382-afdc-17eb160d709a/resourceGroups/rg-lzaks-hub/providers/Microsoft.Network/firewallPolicies/firewall-policy",
            "id": "/subscriptions/dcef7009-6b94-4382-afdc-17eb160d709a/resourceGroups/rg-lzaks-hub/providers/Microsoft.Network/firewallPolicies/firewall-policy/ruleCollectionGroups/policy_group_aks",
            "name": "policy_group_aks",
            "nat_rule_collection": [],
            "network_rule_collection": [
              {
                "action": "Allow",
                "name": "network-rules-private-aks",
                "priority": 300,
                "rule": [
                  {
                    "description": "",
                    "destination_addresses": [
                      "AzureMonitor"
                    ],
                    "destination_fqdns": [],
                    "destination_ip_groups": [],
                    "destination_ports": [
                      "443"
                    ],
                    "name": "SendMtericsAndLogsToAzureMonitor",
                    "protocols": [
                      "TCP"
                    ],
                    "source_addresses": [
                      "10.1.4.0/22"
                    ],
                    "source_ip_groups": []
                  }
                ]
              }
            ],
            "priority": 200,
            "timeouts": null
          },
          "sensitive_attributes": [],
          "private": "eyJlMmJmYjczMC1lY2FhLTExZTYtOGY4OC0zNDM2M2JjN2M0YzAiOnsiY3JlYXRlIjoxODAwMDAwMDAwMDAwLCJkZWxldGUiOjE4MDAwMDAwMDAwMDAsInJlYWQiOjMwMDAwMDAwMDAwMCwidXBkYXRlIjoxODAwMDAwMDAwMDAwfX0=",
          "dependencies": [
            "azurerm_resource_group.rg",
            "azurerm_subnet.snet_aks",
            "azurerm_virtual_network.vnet_spoke_aks",
            "data.terraform_remote_state.hub"
          ]
        }
      ]
    },
    {
      "mode": "managed",
      "type": "azurerm_kubernetes_cluster",
      "name": "aks",
      "provider": "provider[\"registry.terraform.io/hashicorp/azurerm\"]",
      "instances": [
        {
          "schema_version": 2,
          "attributes": {
            "aci_connector_linux": [],
            "api_server_access_profile": [],
            "auto_scaler_profile": [],
            "automatic_upgrade_channel": "",
            "azure_active_directory_role_based_access_control": [],
            "azure_policy_enabled": null,
            "confidential_computing": [],
            "cost_analysis_enabled": false,
            "current_kubernetes_version": "1.31.7",
            "default_node_pool": [
              {
                "auto_scaling_enabled": false,
                "capacity_reservation_group_id": "",
                "fips_enabled": false,
                "gpu_instance": "",
                "host_encryption_enabled": false,
                "host_group_id": "",
                "kubelet_config": [],
                "kubelet_disk_type": "OS",
                "linux_os_config": [],
                "max_count": 0,
                "max_pods": 30,
                "min_count": 0,
                "name": "default",
                "node_count": 3,
                "node_labels": {},
                "node_network_profile": [],
                "node_public_ip_enabled": false,
                "node_public_ip_prefix_id": "",
                "only_critical_addons_enabled": false,
                "orchestrator_version": "1.31",
                "os_disk_size_gb": 128,
                "os_disk_type": "Managed",
                "os_sku": "Ubuntu",
                "pod_subnet_id": "",
                "proximity_placement_group_id": "",
                "scale_down_mode": "Delete",
                "snapshot_id": "",
                "tags": {},
                "temporary_name_for_rotation": "",
                "type": "VirtualMachineScaleSets",
                "ultra_ssd_enabled": false,
                "upgrade_settings": [
                  {
                    "drain_timeout_in_minutes": 0,
                    "max_surge": "10%",
                    "node_soak_duration_in_minutes": 0
                  }
                ],
                "vm_size": "Standard_D2s_v5",
                "vnet_subnet_id": "/subscriptions/dcef7009-6b94-4382-afdc-17eb160d709a/resourceGroups/rg-lzaks-spoke-aks-infra/providers/Microsoft.Network/virtualNetworks/vnet-spoke-aks/subnets/snet-aks",
                "workload_runtime": "",
                "zones": []
              }
            ],
            "disk_encryption_set_id": "",
            "dns_prefix": "aks",
            "dns_prefix_private_cluster": "",
            "edge_zone": "",
            "fqdn": "aks-uj1q5mot.hcp.swedencentral.azmk8s.io",
            "http_application_routing_enabled": null,
            "http_application_routing_zone_name": null,
            "http_proxy_config": [],
            "id": "/subscriptions/dcef7009-6b94-4382-afdc-17eb160d709a/resourceGroups/rg-lzaks-spoke-aks-infra/providers/Microsoft.ContainerService/managedClusters/aks-cni",
            "identity": [
              {
                "identity_ids": [],
                "principal_id": "1271826e-aa1d-44ad-8c59-cad3ab2d1585",
                "tenant_id": "93139d1e-a3c1-4d78-9ed5-878be090eba4",
                "type": "SystemAssigned"
              }
            ],
            "image_cleaner_enabled": null,
            "image_cleaner_interval_hours": null,
            "ingress_application_gateway": [],
            "key_management_service": [],
            "key_vault_secrets_provider": [],
            "kube_admin_config": [],
            "kube_admin_config_raw": "",
            "kube_config": [
              {
                "client_certificate": "LS0tLS1CRUdJTiBDRVJUSUZJQ0FURS0tLS0tCk1JSUZIakNDQXdhZ0F3SUJBZ0lSQU9zOWNHMjhHUzJxL3d0eVBWMXFlWVl3RFFZSktvWklodmNOQVFFTEJRQXcKRFRFTE1Ba0dBMVVFQXhNQ1kyRXdIaGNOTWpVd05ERXlNRFEwTXpRNFdoY05NamN3TkRFeU1EUTFNelE0V2pBdwpNUmN3RlFZRFZRUUtFdzV6ZVhOMFpXMDZiV0Z6ZEdWeWN6RVZNQk1HQTFVRUF4TU1iV0Z6ZEdWeVkyeHBaVzUwCk1JSUNJakFOQmdrcWhraUc5dzBCQVFFRkFBT0NBZzhBTUlJQ0NnS0NBZ0VBelptMWZnMWNyUHY1dUk0MC9mNS8KZGhDVDYyWWlydVhwTlNKc0ZaWjJVVlM5RVlkZ3hCVVZNL1VrNVI1ckNGWW4vbUpEOWZKMGc1cHBaUlFIMkV2SgplRXcyRFhQVlJDZEpPMnZ1RlIrWGh5M04xQjhibUcwalpMSTFTNzVLK1VTTzZNdWFsNSthSUR2eU54QTNVVzZlCmU5TnJ4M1Awa1Q2by9FUUdGbGV0WWs1NFQ1YlVUcjl1Y0V1V25aRUs4YTUxNXNRRWVNTi9mRDRMMzh6QmFZdlQKcVFqRVNremtXN2hhSS8wN3Vkazh1OHdFcElkS3RDd2NDK3lPUjV3M3BlbExCYTNRelg3bTFiYVVueWlvNUlsNwpjM1ZvdDFEdldPZXlZb1ZGYUpaVzl1dnFNTDN1R1Z5R1FKQTRRZnJ4bTlDS3hZNFFQdGFjY1pKNjhXN2Ura1E1CmVzR0hTbFJhYXZvN2FaYXNSK042ZnBVRThmVmdBSERWaUNsZlA3c3IvU05jZkxGQks3SisrR0owU3MxdmU0amYKbS9MQjJZalpTbC9mc2N6eDB4Z3RyTDF0VFpjaEQyVWFMYlhXTXpPWnk1YlJNRktocTVSTkRJUXBXT25jMUtMcgpzRTRuQTlQODNqZmtZblJRR0N5OGV2MWlYU2ZTU2tvTVVVb0F0Sm9MN1Rlb2RIUlNtbEVFUFF2V2RLYlBmVDZxCmtXUWEzZnpwTmRkT1JwTU01QUJOMmd2VG1VYTFVMEN0RFJlNDgyVWtzdmUrWmp0U3FBOENsM2ZjR2xtSjRhQ1cKOHRyZGo4eTRDdUlkUzZOMHRwaW8yUDRZekFBUzRIRG91WEZ6VzZETkJhUUJycFJ0VUlZOUx3WTNDV2FjaTdyQQpoUDI2MTBzUkkvU3paM1JGVnZESnBCY0NBd0VBQWFOV01GUXdEZ1lEVlIwUEFRSC9CQVFEQWdXZ01CTUdBMVVkCkpRUU1NQW9HQ0NzR0FRVUZCd01DTUF3R0ExVWRFd0VCL3dRQ01BQXdId1lEVlIwakJCZ3dGb0FVNDRJY3I1cGgKdHJySk1XN3luTmpJekoyS3MvVXdEUVlKS29aSWh2Y05BUUVMQlFBRGdnSUJBSlhubWxqczM4cFNVQmtyZVVlNApNaTduaXZtd2JYeU9jZjlGMjIyWjkzYjRkVmdJQjVURldCTFFzOXhvazZRMmxEV2dLdG5IeUtVMzJWbG1pT2h6ClJLeGZiczhLMmlZMjNaQUc3cHYrc2x1T2Q4aUM3VERRdmZZaERjWWdpdWRNQkh6VXBVSTg4YVNhZ0ZWY2lyMDAKekxGMEhEVittZHdOSDQrSEpQTXI0TVdmNlhHaVdGWDB2R2ZFbjB0WmFTYzFSVE9mQVRSbnR0aW5pTVZyQVZJZApaWm1YNFp1V1hiYjNDamIzcmcvVHlON3FqbVo2Sk95dW41bWxpVzJVK1Q2WURQZENuOVlLbU1kRjdQVXdGN1FpCkw1Wkh6M20zZGdGa2ZTRWw1eDVjK1Z3MW5ZaCszSUR2cDI3bjZKRjNCVjU1UTg0TTlGSE1KRlBLa2FoQjhtR1oKWHVyckVXZXA1Z2xlaHBKTU9RbFc2ZEgrYVNVTTYwUUhYTDRCODRtRk5FUmVhZFBINFRQYUUxOE9hRE94d2c5ZwovWis3elFVNU9ONEN2RDZoamtONGd0MkpOcFZzUVVzVVZiMGxjVDNhaXJWVG83bVJnelAxQVhsMTdaYWJjdWhJClRGVkZUNXNCTVZwbnBiMGVGS25lakJqNmpxb0hVWEcrM3V1WXdtbktNaTE2ZzJQSzZoYlNLUzVqK1NaRUIzWncKa2h0UG92dnc3d3ZWc1R0U0tQNko4b0d5Nm9YUk8vNW9HclVTWjVuTi9QdG51aE53UUdrYTR0QkU1S1Z0eGljVQpKZ3RIQ1RQeHpvdFRUektzR3dCazgzMUZOc3g5RzJMTjYwTHpEZEpWd04rWFN4YW81TnRkdzczNE5mTDlHSmJNCjhUMDlaZlNpY1lWdzJqV2lHQlRQbWdVTgotLS0tLUVORCBDRVJUSUZJQ0FURS0tLS0tCg==",
                "client_key": "LS0tLS1CRUdJTiBSU0EgUFJJVkFURSBLRVktLS0tLQpNSUlKS1FJQkFBS0NBZ0VBelptMWZnMWNyUHY1dUk0MC9mNS9kaENUNjJZaXJ1WHBOU0pzRlpaMlVWUzlFWWRnCnhCVVZNL1VrNVI1ckNGWW4vbUpEOWZKMGc1cHBaUlFIMkV2SmVFdzJEWFBWUkNkSk8ydnVGUitYaHkzTjFCOGIKbUcwalpMSTFTNzVLK1VTTzZNdWFsNSthSUR2eU54QTNVVzZlZTlOcngzUDBrVDZvL0VRR0ZsZXRZazU0VDViVQpUcjl1Y0V1V25aRUs4YTUxNXNRRWVNTi9mRDRMMzh6QmFZdlRxUWpFU2t6a1c3aGFJLzA3dWRrOHU4d0VwSWRLCnRDd2NDK3lPUjV3M3BlbExCYTNRelg3bTFiYVVueWlvNUlsN2MzVm90MUR2V09leVlvVkZhSlpXOXV2cU1MM3UKR1Z5R1FKQTRRZnJ4bTlDS3hZNFFQdGFjY1pKNjhXN2Ura1E1ZXNHSFNsUmFhdm83YVphc1IrTjZmcFVFOGZWZwpBSERWaUNsZlA3c3IvU05jZkxGQks3SisrR0owU3MxdmU0amZtL0xCMllqWlNsL2ZzY3p4MHhndHJMMXRUWmNoCkQyVWFMYlhXTXpPWnk1YlJNRktocTVSTkRJUXBXT25jMUtMcnNFNG5BOVA4M2pma1luUlFHQ3k4ZXYxaVhTZlMKU2tvTVVVb0F0Sm9MN1Rlb2RIUlNtbEVFUFF2V2RLYlBmVDZxa1dRYTNmenBOZGRPUnBNTTVBQk4yZ3ZUbVVhMQpVMEN0RFJlNDgyVWtzdmUrWmp0U3FBOENsM2ZjR2xtSjRhQ1c4dHJkajh5NEN1SWRTNk4wdHBpbzJQNFl6QUFTCjRIRG91WEZ6VzZETkJhUUJycFJ0VUlZOUx3WTNDV2FjaTdyQWhQMjYxMHNSSS9TelozUkZWdkRKcEJjQ0F3RUEKQVFLQ0FnRUF3a0FLZ0xqaEtiSzc0b25CT1lTZEtwQkpJU3dUY3NsWUI5S282ZENKb3hmN3RqY0F6dUhZY1ltWQp2VHg3QlpwWkdQZ0FtN3ZpSjREWk9SMnV0OFlLNkxTZ2tSOHlqTHpOYk8zeE9GWHIxVlVLVmZLNklNNWtsVHZtCkxOVHlnd1lxTzNvNmFpenA4ckNRalVPdDhDc2lZMzJDSkNUREdnTm9wMGNodFRSTFpVa2NWSjM5b3hVc283NVcKNURIb2RDVlAwYUs3VXRucWRoa3RJTnFVbGtMOHpJU3k2RHd6dVJDNVlhMWRJNTlDeVcvZHB4RUlIS2hjSzB2cAp0WEM4QnU0ZTZwT3BacTRTTERMZndtd28vaHVDM3JnOElvNitSSEpNVU5iM2wvUUs0Q3BPenBSMEE5UXVKNHZiCkMwT3J5SHBFMHBnQmMwMVM2OTdvZDNrNEJKNDI2cmhBb1dLd1lnUDFIUXhJdXBaNzlNOVB4cmo1ckZFb3I1anAKMktaUHo0OWUyMlRWQmRFTXVCb0o4Q2U3Sit5T3QzUVk0aEJZa0VxdEo4WEQzT3VZZTZPZ2ZRWHNid2R2aTY3Sgp6MnNlajhLMUpGYTdZeWZlVjJiZmdpZkZLakhwWGxTYXJXb3FtNUs5ejZaQjZQMlpWYTVzSy9neENqVm50ZG5rCjdiaHdnaEptTElVQWQzODlZMFVSVFFNUTRpSllyOGU1dVJqKzl1dm1OWWc2dWx4RnlGRzAxVXI3OWdWNmxRS1gKZEtIdG0vYXM2czArOWdTL0lUM0Q2enk5SVBDRFlkVmhxN0crUThkNHRHdzduYlJpdnZEU0NSMGxFcmxLS043NgpZUU5aYmI1TzRDeG8zUUxIRjFqazdxSDhkTmd5ZnYrVnNETDk5RXdza2N4djZnOG5YSmtDZ2dFQkFOTi8yZk8rClFZZGowSzNDSTJHOTc2Ui9tQkRnQ3hjR2Q2em5UdlhFaTFVK3U2azZLa0NYY280YlAwc0p6SEdUZkZRK1VPRFIKSXkyZHlBbDNSVG9DTmdOb09ESTlLSWpWaWs5RzlQWXVsNkZlTFNVRTdCYVJRa01KYjVDMXI0WVpkQ0w3VFpYQwpSY0pNMU9NcElQQkdMaERueHN1ay9YVXNncFpaS2hGZEt0MWZHTDlmQU5NTjAwOG1DY2NmWWwvOVVTRVVCdk9rCjZPNGdkUjVROXlKWGFIdkZLcytVU0JIUWJsZUQxWnVVQmYrZlVPRFVCd05nRXU1eVorTUg3OThCVlBLNXkzZGwKOXNjQWxHZmxNYXhPc2wwVmlUUjIwV25WRzBsRUJneGYzaFRpUW5oRmN6ckFPVXhkRGlkZHJnZXp6NlNiQ3NSUApqVXovaUxjbjI0SWJHd3NDZ2dFQkFQamNIYUVuVXZQcEQ2WXNZcEZoQm1ESi9hbWo4WHhlV2p2WFlyNlFWcmxPClQwNkl4a29HaXZVSjQvTEdJaWxvWEpVS1dVaDRWNnZyYXo4Qk5LbFNZRWZFdFM4aTl1bzdXeUlyZW5kc3lYVnoKcFJFTFk5ckFpeVZBTENGdm11NWtza1BFTnV0eDdZRFJ6U21lbWxSSGZER1lSRTU4NE1mSTg0TWtWUlVhaG5VZwpWQlVNV3NEVE9RY0ZEcWw0S1Q2SzZPNi9rMUxYeWRaa1BmbU1MSnVMNmRDWkwrN0xpaGlQOHZ3cjMvNFdoalk4CjFrTG9uMW4rZ0NySGQxQWdTbFZ5Ym0yTk9rMnlaNUNPbVdMdHRMMzZmYndvMXN5UFM5YnJVcXlPVi9kcllGZXMKWFBmd0hCK0s5V01UcTlBQkRwTHdzbUVZd1RkRlphMlZFN0ZKcVNGRllxVUNnZ0VCQUttYXJtSmJZTnM4dlJ5SwpRYXRoRUNyZk0wZmRFcWVkUlIwL3hMOHJwUHh3T1RkRThKc3BsL0REZ3VjZTdYYnE2ZG40dXd6K1NYS01ROXpyCmEzVlFUcFkrM2tuVFo0MExpVVYzeG5zZzgvR3d2dzBmdkYrQWp4MkpGSkY4VVV4OVh2ZXFoUllpVzZTcnpsQjQKSy9UaW9wQmwvYkpURmZuLy9weW8xaVpraXpwSXgyUzN2OGFBSU1NbzR0QnVwNG9JYnlYU2xKeVAwMGNhZWpFYwpob0pnaStZdFA5NkVyNkt4ZmJycWVzS3ZXbndaKzFiQVVQdHc4TjJNbXlpaHRjY2tuMFdpbnJxWjV1TEE0VUhMCnR5RFJYeEZzY3NIQ3dyNVc2ZkcvL2dXd1h6eHFFUm0zditjT1BTU3l2dVhzcHVHQVhYUkg3TU51ZEFhYUtMMlAKMWVTbzdlOENnZ0VBQW4yeGpqdG1pU3A4RFozRUh0QnB6KzQxcTgwSVRjWmtBTlZYRjdFNkxRQ3JxbzJUN29uQwpPbEd2Qm04VlNIVFMrR3J5R2RlYWlRNENOTTgrUjdPYll4eUU4OFBWMU9Kak55UllSWG5CU251dDIwM1I0ZzZyClZlUWVqUGNoQmVIY0p2Ri8yenQ0dFNGa2ZGWXFGVTNoNEYwMTBkTk9MTEhHUGpuTzREY3p3VmhoZnhSd2xCMkoKSkpqWVhMbm5MOGtVSzgrZkdlVXZFQVpRMkg2ZXM2L2kxME94UnlLaWJ6eUJvaVNPU1d6UVN4cXd5bHFwdmF6ZQplNDhqa3BuQUpMclFnQ2c1dlMxYi9BWnhZcHdlZ3doTzJlTk93eDFzRk9xbUdUUVRqVloxMEdyWlEySVQ1Znp1CkY5L0tpSHA2T3Q1TjZzcmtwRGo5bTQ4eWMwUFpmWXZFUVFLQ0FRQnFCS04rd0tZRWRUa0ZDenpZU1RnTnlMNEYKRGExUko2TDZjbUU2ajU1Um5RekFmeXl6c05XYWhWMEFRQVc3UHU4MzBHZlBBZTNSSEFrVzQwbnBleER6d002LwpoV1hVNWxNeXRLVzc5aitHQ1BpdVZ5dzhFYXFDdVMyaDVaTjVEckpvL3ordU8xOUFVZHMrWnRQMHpMTVgvV2wvCjY0aVZYOHVZSWFMemhnRlNFWG1pL3Roczh5dzNSZGdQenpMVG5JN1NwY0NuM0hwM2lWUzQrRm5LeEIzejRoTmIKQlNnSjlkY3FXQzB6eElFZVcwcFlSTUxsTnJxcCtqK3M3M2x4anFCd2RNais4YWs3MEJ3cXBwY0lKelhsSHgzRgpKbFBhK29YV1V6cVRLOEZROEo4NVorTFREenJWKzhNa2svOEVwUFdIS0oyRTkvMWJLTEtRTGxmUGZMWC8KLS0tLS1FTkQgUlNBIFBSSVZBVEUgS0VZLS0tLS0K",
                "cluster_ca_certificate": "LS0tLS1CRUdJTiBDRVJUSUZJQ0FURS0tLS0tCk1JSUU2RENDQXRDZ0F3SUJBZ0lRYVpKaUw0K0tXL3dCaFdrdzdDVTBDVEFOQmdrcWhraUc5dzBCQVFzRkFEQU4KTVFzd0NRWURWUVFERXdKallUQWdGdzB5TlRBME1USXdORFF6TkRoYUdBOHlNRFUxTURReE1qQTBOVE0wT0ZvdwpEVEVMTUFrR0ExVUVBeE1DWTJFd2dnSWlNQTBHQ1NxR1NJYjNEUUVCQVFVQUE0SUNEd0F3Z2dJS0FvSUNBUURTCmYzK3JVNGU1cGFUVDlaSWtLSHkwR3hUZWxtOHFMUUZwR1oxY2dIRUQveXNsSkphNHcxT0Nkei94YlQzdFVtVzcKVWM0WnUycGxYSnQyRTFxb0xIcWNjT1ErTUhJa2Frb3VIK3lETEJIbEdDRmtoMzltcWkvZHlTNG9PTkNnVGtLdQpYb3YvUHFTZDdDSm0xMkhmQUZ4UFZyWHp2U0V1SHhKcVRFbmdidDkvLzhXbWpMekdhd0laQi81c3hVdnhrUVExCno5enVjVTQvdUZwR3ZUM3dTWW1JUjYvTndPZlZ5d1RqL3dOSTZhTkgrMERTc25KdnFBMDhMVlV0Z0NKdnVzbFoKNlJnUFVwZHNvZUpmckFJYy9aK3dJVUhUenFNZWlEQlRZTWRIR3FkRWlvNFNrdDFaeEpFbTFmR0tuV3NSZmZMKworZHRhT2tWdXhVNHFIOHZ1NXVjTkRCbU5KeE5VeG5lN1ltNHk3eEhIQ3pmcXg3M3JxdEFPVHY3anoyV1JSZFBnClBlSk5aYi9nSWxPdWcwSENremVxRUg0ektkMjk0UTVaQ3B5ZmZ0YXhROWkzQ1pScVRFYWMzenJIYUpQeU1CMjIKRkdnS3d4K1NwV2Z3emlRQ0ZhN1NUY2RwN3YxSFZzc1pxaDM1bWE1dWFUU3U0dk8yaGRLWVA0Z1NuVHNSOFF4WAozZUl4c2ZUTW9pdU43Z1IvWUptd0ZtRTduSkE2czhHRlYwL2pENU8yV2srUndQRDRHWTRGOEd5RVd4VnUzM1pYCng4WnorY3o4bnF5K2tyMTN3eUpSdGpCU093eFk0K1lhQ1cySWhPdzBpbWlxQTVhTDcwRUQxMXlFRWZVUmJkWWoKNmRaVHdqdXlVVDlMNFZQOURUZG01S25kaUNJMkJoZWFWR2ZaUWRveUJRSURBUUFCbzBJd1FEQU9CZ05WSFE4QgpBZjhFQkFNQ0FxUXdEd1lEVlIwVEFRSC9CQVV3QXdFQi96QWRCZ05WSFE0RUZnUVU0NEljcjVwaHRyckpNVzd5Cm5Oakl6SjJLcy9Vd0RRWUpLb1pJaHZjTkFRRUxCUUFEZ2dJQkFHSUYySWlZODJvYUhJYWpIK1hIVUN2aGs4dmEKdDh2TXVOOGtTVFh4RE01MjFoV3MrL1kyQUdiS2Z6TVphaVBsS0JGQ0F3RWRvVHNYUW5Kc3lmaWdXbk93ZHZ1TQo2eVJXMWNOZHZ3MHp4TnpMczlLQVc5MjNOem5UR3hHeHpaazZsRlJSZVJUT292NVNLTjdjMXh2UXpNNUpTby9uCld1S1B3b3VORnFDSUpyTk9JRUdYSGFXN3NUUUh2cnNVbnI2cEo3K21xREY3dXp4b2ltSllmQWJKcWttQm5mb20KVE14dzRvTlFoMllWTTFPWEJNbkU4aGpiU0xLdUdPMXIvZnRjeHBGN1BYQVlsdDk4ZzhDdG1ITVpQTmZhcXN1Qgo4SEtvaE5DVE5oaXhONjdoNVFURXZzZzB0aWJaRDdUK3BxNllaYXJjTFpIenVwOVEwUWhVcFROZGlMZjFIR2d1Cm9ra2hLRlMyL1djbVZ2bEVYVDBxWHMyWHZYVGUwcEVKbmdGd1E2UUxQUHh0TlVHMEV6Tzh1N3N0dEJDWm9HbFIKaDZ3dDl2aXlOVkdtTXZMc2NyR284TVhlUHdNdXRMWmJFNkdyVGZVUjVlL3cyTE5rOTNKRmtnQ3o5bW5wdkJKZApvV1hQNmorYWkwVGNHKytReTMweUtQcWRjeDNDd0t1cVZMZENiLzNKWG92RXN3bklxa0lhL1c1eTF5U28zc3J0CkJpWXlSVTAreElsMUVEODB4WVFiR1NqczNFT1ZFWGwwbkNZbER0enl0eFU3UlE4S2N2eHkrb0FPL2sybFBTRm4KbSs3cllKZjZVa2c1cVlyOTZ5QS9lcnB2MzdhTzVqYVp3ZWRRaEdCSHkyMkVCNWkzTU15Ui8rOVQzZlppT1YrVwpOaUxkeFM5M3Bha0tCd2lzCi0tLS0tRU5EIENFUlRJRklDQVRFLS0tLS0K",
                "host": "https://aks-uj1q5mot.hcp.swedencentral.azmk8s.io:443",
                "password": "ugr9165vg060ze3p5teuykty3ry5b31zmzu6mxfqq3cl8of8ege0jflgc87mqye6tfsgxi9xvo0k2nauv9e8324inbg9c8h9ewkb1cip1jwj9kjass78ecxjpzslr41r",
                "username": "clusterUser_rg-lzaks-spoke-aks-infra_aks-cni"
              }
            ],
            "kube_config_raw": "apiVersion: v1\nclusters:\n- cluster:\n    certificate-authority-data: LS0tLS1CRUdJTiBDRVJUSUZJQ0FURS0tLS0tCk1JSUU2RENDQXRDZ0F3SUJBZ0lRYVpKaUw0K0tXL3dCaFdrdzdDVTBDVEFOQmdrcWhraUc5dzBCQVFzRkFEQU4KTVFzd0NRWURWUVFERXdKallUQWdGdzB5TlRBME1USXdORFF6TkRoYUdBOHlNRFUxTURReE1qQTBOVE0wT0ZvdwpEVEVMTUFrR0ExVUVBeE1DWTJFd2dnSWlNQTBHQ1NxR1NJYjNEUUVCQVFVQUE0SUNEd0F3Z2dJS0FvSUNBUURTCmYzK3JVNGU1cGFUVDlaSWtLSHkwR3hUZWxtOHFMUUZwR1oxY2dIRUQveXNsSkphNHcxT0Nkei94YlQzdFVtVzcKVWM0WnUycGxYSnQyRTFxb0xIcWNjT1ErTUhJa2Frb3VIK3lETEJIbEdDRmtoMzltcWkvZHlTNG9PTkNnVGtLdQpYb3YvUHFTZDdDSm0xMkhmQUZ4UFZyWHp2U0V1SHhKcVRFbmdidDkvLzhXbWpMekdhd0laQi81c3hVdnhrUVExCno5enVjVTQvdUZwR3ZUM3dTWW1JUjYvTndPZlZ5d1RqL3dOSTZhTkgrMERTc25KdnFBMDhMVlV0Z0NKdnVzbFoKNlJnUFVwZHNvZUpmckFJYy9aK3dJVUhUenFNZWlEQlRZTWRIR3FkRWlvNFNrdDFaeEpFbTFmR0tuV3NSZmZMKworZHRhT2tWdXhVNHFIOHZ1NXVjTkRCbU5KeE5VeG5lN1ltNHk3eEhIQ3pmcXg3M3JxdEFPVHY3anoyV1JSZFBnClBlSk5aYi9nSWxPdWcwSENremVxRUg0ektkMjk0UTVaQ3B5ZmZ0YXhROWkzQ1pScVRFYWMzenJIYUpQeU1CMjIKRkdnS3d4K1NwV2Z3emlRQ0ZhN1NUY2RwN3YxSFZzc1pxaDM1bWE1dWFUU3U0dk8yaGRLWVA0Z1NuVHNSOFF4WAozZUl4c2ZUTW9pdU43Z1IvWUptd0ZtRTduSkE2czhHRlYwL2pENU8yV2srUndQRDRHWTRGOEd5RVd4VnUzM1pYCng4WnorY3o4bnF5K2tyMTN3eUpSdGpCU093eFk0K1lhQ1cySWhPdzBpbWlxQTVhTDcwRUQxMXlFRWZVUmJkWWoKNmRaVHdqdXlVVDlMNFZQOURUZG01S25kaUNJMkJoZWFWR2ZaUWRveUJRSURBUUFCbzBJd1FEQU9CZ05WSFE4QgpBZjhFQkFNQ0FxUXdEd1lEVlIwVEFRSC9CQVV3QXdFQi96QWRCZ05WSFE0RUZnUVU0NEljcjVwaHRyckpNVzd5Cm5Oakl6SjJLcy9Vd0RRWUpLb1pJaHZjTkFRRUxCUUFEZ2dJQkFHSUYySWlZODJvYUhJYWpIK1hIVUN2aGs4dmEKdDh2TXVOOGtTVFh4RE01MjFoV3MrL1kyQUdiS2Z6TVphaVBsS0JGQ0F3RWRvVHNYUW5Kc3lmaWdXbk93ZHZ1TQo2eVJXMWNOZHZ3MHp4TnpMczlLQVc5MjNOem5UR3hHeHpaazZsRlJSZVJUT292NVNLTjdjMXh2UXpNNUpTby9uCld1S1B3b3VORnFDSUpyTk9JRUdYSGFXN3NUUUh2cnNVbnI2cEo3K21xREY3dXp4b2ltSllmQWJKcWttQm5mb20KVE14dzRvTlFoMllWTTFPWEJNbkU4aGpiU0xLdUdPMXIvZnRjeHBGN1BYQVlsdDk4ZzhDdG1ITVpQTmZhcXN1Qgo4SEtvaE5DVE5oaXhONjdoNVFURXZzZzB0aWJaRDdUK3BxNllaYXJjTFpIenVwOVEwUWhVcFROZGlMZjFIR2d1Cm9ra2hLRlMyL1djbVZ2bEVYVDBxWHMyWHZYVGUwcEVKbmdGd1E2UUxQUHh0TlVHMEV6Tzh1N3N0dEJDWm9HbFIKaDZ3dDl2aXlOVkdtTXZMc2NyR284TVhlUHdNdXRMWmJFNkdyVGZVUjVlL3cyTE5rOTNKRmtnQ3o5bW5wdkJKZApvV1hQNmorYWkwVGNHKytReTMweUtQcWRjeDNDd0t1cVZMZENiLzNKWG92RXN3bklxa0lhL1c1eTF5U28zc3J0CkJpWXlSVTAreElsMUVEODB4WVFiR1NqczNFT1ZFWGwwbkNZbER0enl0eFU3UlE4S2N2eHkrb0FPL2sybFBTRm4KbSs3cllKZjZVa2c1cVlyOTZ5QS9lcnB2MzdhTzVqYVp3ZWRRaEdCSHkyMkVCNWkzTU15Ui8rOVQzZlppT1YrVwpOaUxkeFM5M3Bha0tCd2lzCi0tLS0tRU5EIENFUlRJRklDQVRFLS0tLS0K\n    server: https://aks-uj1q5mot.hcp.swedencentral.azmk8s.io:443\n  name: aks-cni\ncontexts:\n- context:\n    cluster: aks-cni\n    user: clusterUser_rg-lzaks-spoke-aks-infra_aks-cni\n  name: aks-cni\ncurrent-context: aks-cni\nkind: Config\npreferences: {}\nusers:\n- name: clusterUser_rg-lzaks-spoke-aks-infra_aks-cni\n  user:\n    client-certificate-data: LS0tLS1CRUdJTiBDRVJUSUZJQ0FURS0tLS0tCk1JSUZIakNDQXdhZ0F3SUJBZ0lSQU9zOWNHMjhHUzJxL3d0eVBWMXFlWVl3RFFZSktvWklodmNOQVFFTEJRQXcKRFRFTE1Ba0dBMVVFQXhNQ1kyRXdIaGNOTWpVd05ERXlNRFEwTXpRNFdoY05NamN3TkRFeU1EUTFNelE0V2pBdwpNUmN3RlFZRFZRUUtFdzV6ZVhOMFpXMDZiV0Z6ZEdWeWN6RVZNQk1HQTFVRUF4TU1iV0Z6ZEdWeVkyeHBaVzUwCk1JSUNJakFOQmdrcWhraUc5dzBCQVFFRkFBT0NBZzhBTUlJQ0NnS0NBZ0VBelptMWZnMWNyUHY1dUk0MC9mNS8KZGhDVDYyWWlydVhwTlNKc0ZaWjJVVlM5RVlkZ3hCVVZNL1VrNVI1ckNGWW4vbUpEOWZKMGc1cHBaUlFIMkV2SgplRXcyRFhQVlJDZEpPMnZ1RlIrWGh5M04xQjhibUcwalpMSTFTNzVLK1VTTzZNdWFsNSthSUR2eU54QTNVVzZlCmU5TnJ4M1Awa1Q2by9FUUdGbGV0WWs1NFQ1YlVUcjl1Y0V1V25aRUs4YTUxNXNRRWVNTi9mRDRMMzh6QmFZdlQKcVFqRVNremtXN2hhSS8wN3Vkazh1OHdFcElkS3RDd2NDK3lPUjV3M3BlbExCYTNRelg3bTFiYVVueWlvNUlsNwpjM1ZvdDFEdldPZXlZb1ZGYUpaVzl1dnFNTDN1R1Z5R1FKQTRRZnJ4bTlDS3hZNFFQdGFjY1pKNjhXN2Ura1E1CmVzR0hTbFJhYXZvN2FaYXNSK042ZnBVRThmVmdBSERWaUNsZlA3c3IvU05jZkxGQks3SisrR0owU3MxdmU0amYKbS9MQjJZalpTbC9mc2N6eDB4Z3RyTDF0VFpjaEQyVWFMYlhXTXpPWnk1YlJNRktocTVSTkRJUXBXT25jMUtMcgpzRTRuQTlQODNqZmtZblJRR0N5OGV2MWlYU2ZTU2tvTVVVb0F0Sm9MN1Rlb2RIUlNtbEVFUFF2V2RLYlBmVDZxCmtXUWEzZnpwTmRkT1JwTU01QUJOMmd2VG1VYTFVMEN0RFJlNDgyVWtzdmUrWmp0U3FBOENsM2ZjR2xtSjRhQ1cKOHRyZGo4eTRDdUlkUzZOMHRwaW8yUDRZekFBUzRIRG91WEZ6VzZETkJhUUJycFJ0VUlZOUx3WTNDV2FjaTdyQQpoUDI2MTBzUkkvU3paM1JGVnZESnBCY0NBd0VBQWFOV01GUXdEZ1lEVlIwUEFRSC9CQVFEQWdXZ01CTUdBMVVkCkpRUU1NQW9HQ0NzR0FRVUZCd01DTUF3R0ExVWRFd0VCL3dRQ01BQXdId1lEVlIwakJCZ3dGb0FVNDRJY3I1cGgKdHJySk1XN3luTmpJekoyS3MvVXdEUVlKS29aSWh2Y05BUUVMQlFBRGdnSUJBSlhubWxqczM4cFNVQmtyZVVlNApNaTduaXZtd2JYeU9jZjlGMjIyWjkzYjRkVmdJQjVURldCTFFzOXhvazZRMmxEV2dLdG5IeUtVMzJWbG1pT2h6ClJLeGZiczhLMmlZMjNaQUc3cHYrc2x1T2Q4aUM3VERRdmZZaERjWWdpdWRNQkh6VXBVSTg4YVNhZ0ZWY2lyMDAKekxGMEhEVittZHdOSDQrSEpQTXI0TVdmNlhHaVdGWDB2R2ZFbjB0WmFTYzFSVE9mQVRSbnR0aW5pTVZyQVZJZApaWm1YNFp1V1hiYjNDamIzcmcvVHlON3FqbVo2Sk95dW41bWxpVzJVK1Q2WURQZENuOVlLbU1kRjdQVXdGN1FpCkw1Wkh6M20zZGdGa2ZTRWw1eDVjK1Z3MW5ZaCszSUR2cDI3bjZKRjNCVjU1UTg0TTlGSE1KRlBLa2FoQjhtR1oKWHVyckVXZXA1Z2xlaHBKTU9RbFc2ZEgrYVNVTTYwUUhYTDRCODRtRk5FUmVhZFBINFRQYUUxOE9hRE94d2c5ZwovWis3elFVNU9ONEN2RDZoamtONGd0MkpOcFZzUVVzVVZiMGxjVDNhaXJWVG83bVJnelAxQVhsMTdaYWJjdWhJClRGVkZUNXNCTVZwbnBiMGVGS25lakJqNmpxb0hVWEcrM3V1WXdtbktNaTE2ZzJQSzZoYlNLUzVqK1NaRUIzWncKa2h0UG92dnc3d3ZWc1R0U0tQNko4b0d5Nm9YUk8vNW9HclVTWjVuTi9QdG51aE53UUdrYTR0QkU1S1Z0eGljVQpKZ3RIQ1RQeHpvdFRUektzR3dCazgzMUZOc3g5RzJMTjYwTHpEZEpWd04rWFN4YW81TnRkdzczNE5mTDlHSmJNCjhUMDlaZlNpY1lWdzJqV2lHQlRQbWdVTgotLS0tLUVORCBDRVJUSUZJQ0FURS0tLS0tCg==\n    client-key-data: LS0tLS1CRUdJTiBSU0EgUFJJVkFURSBLRVktLS0tLQpNSUlKS1FJQkFBS0NBZ0VBelptMWZnMWNyUHY1dUk0MC9mNS9kaENUNjJZaXJ1WHBOU0pzRlpaMlVWUzlFWWRnCnhCVVZNL1VrNVI1ckNGWW4vbUpEOWZKMGc1cHBaUlFIMkV2SmVFdzJEWFBWUkNkSk8ydnVGUitYaHkzTjFCOGIKbUcwalpMSTFTNzVLK1VTTzZNdWFsNSthSUR2eU54QTNVVzZlZTlOcngzUDBrVDZvL0VRR0ZsZXRZazU0VDViVQpUcjl1Y0V1V25aRUs4YTUxNXNRRWVNTi9mRDRMMzh6QmFZdlRxUWpFU2t6a1c3aGFJLzA3dWRrOHU4d0VwSWRLCnRDd2NDK3lPUjV3M3BlbExCYTNRelg3bTFiYVVueWlvNUlsN2MzVm90MUR2V09leVlvVkZhSlpXOXV2cU1MM3UKR1Z5R1FKQTRRZnJ4bTlDS3hZNFFQdGFjY1pKNjhXN2Ura1E1ZXNHSFNsUmFhdm83YVphc1IrTjZmcFVFOGZWZwpBSERWaUNsZlA3c3IvU05jZkxGQks3SisrR0owU3MxdmU0amZtL0xCMllqWlNsL2ZzY3p4MHhndHJMMXRUWmNoCkQyVWFMYlhXTXpPWnk1YlJNRktocTVSTkRJUXBXT25jMUtMcnNFNG5BOVA4M2pma1luUlFHQ3k4ZXYxaVhTZlMKU2tvTVVVb0F0Sm9MN1Rlb2RIUlNtbEVFUFF2V2RLYlBmVDZxa1dRYTNmenBOZGRPUnBNTTVBQk4yZ3ZUbVVhMQpVMEN0RFJlNDgyVWtzdmUrWmp0U3FBOENsM2ZjR2xtSjRhQ1c4dHJkajh5NEN1SWRTNk4wdHBpbzJQNFl6QUFTCjRIRG91WEZ6VzZETkJhUUJycFJ0VUlZOUx3WTNDV2FjaTdyQWhQMjYxMHNSSS9TelozUkZWdkRKcEJjQ0F3RUEKQVFLQ0FnRUF3a0FLZ0xqaEtiSzc0b25CT1lTZEtwQkpJU3dUY3NsWUI5S282ZENKb3hmN3RqY0F6dUhZY1ltWQp2VHg3QlpwWkdQZ0FtN3ZpSjREWk9SMnV0OFlLNkxTZ2tSOHlqTHpOYk8zeE9GWHIxVlVLVmZLNklNNWtsVHZtCkxOVHlnd1lxTzNvNmFpenA4ckNRalVPdDhDc2lZMzJDSkNUREdnTm9wMGNodFRSTFpVa2NWSjM5b3hVc283NVcKNURIb2RDVlAwYUs3VXRucWRoa3RJTnFVbGtMOHpJU3k2RHd6dVJDNVlhMWRJNTlDeVcvZHB4RUlIS2hjSzB2cAp0WEM4QnU0ZTZwT3BacTRTTERMZndtd28vaHVDM3JnOElvNitSSEpNVU5iM2wvUUs0Q3BPenBSMEE5UXVKNHZiCkMwT3J5SHBFMHBnQmMwMVM2OTdvZDNrNEJKNDI2cmhBb1dLd1lnUDFIUXhJdXBaNzlNOVB4cmo1ckZFb3I1anAKMktaUHo0OWUyMlRWQmRFTXVCb0o4Q2U3Sit5T3QzUVk0aEJZa0VxdEo4WEQzT3VZZTZPZ2ZRWHNid2R2aTY3Sgp6MnNlajhLMUpGYTdZeWZlVjJiZmdpZkZLakhwWGxTYXJXb3FtNUs5ejZaQjZQMlpWYTVzSy9neENqVm50ZG5rCjdiaHdnaEptTElVQWQzODlZMFVSVFFNUTRpSllyOGU1dVJqKzl1dm1OWWc2dWx4RnlGRzAxVXI3OWdWNmxRS1gKZEtIdG0vYXM2czArOWdTL0lUM0Q2enk5SVBDRFlkVmhxN0crUThkNHRHdzduYlJpdnZEU0NSMGxFcmxLS043NgpZUU5aYmI1TzRDeG8zUUxIRjFqazdxSDhkTmd5ZnYrVnNETDk5RXdza2N4djZnOG5YSmtDZ2dFQkFOTi8yZk8rClFZZGowSzNDSTJHOTc2Ui9tQkRnQ3hjR2Q2em5UdlhFaTFVK3U2azZLa0NYY280YlAwc0p6SEdUZkZRK1VPRFIKSXkyZHlBbDNSVG9DTmdOb09ESTlLSWpWaWs5RzlQWXVsNkZlTFNVRTdCYVJRa01KYjVDMXI0WVpkQ0w3VFpYQwpSY0pNMU9NcElQQkdMaERueHN1ay9YVXNncFpaS2hGZEt0MWZHTDlmQU5NTjAwOG1DY2NmWWwvOVVTRVVCdk9rCjZPNGdkUjVROXlKWGFIdkZLcytVU0JIUWJsZUQxWnVVQmYrZlVPRFVCd05nRXU1eVorTUg3OThCVlBLNXkzZGwKOXNjQWxHZmxNYXhPc2wwVmlUUjIwV25WRzBsRUJneGYzaFRpUW5oRmN6ckFPVXhkRGlkZHJnZXp6NlNiQ3NSUApqVXovaUxjbjI0SWJHd3NDZ2dFQkFQamNIYUVuVXZQcEQ2WXNZcEZoQm1ESi9hbWo4WHhlV2p2WFlyNlFWcmxPClQwNkl4a29HaXZVSjQvTEdJaWxvWEpVS1dVaDRWNnZyYXo4Qk5LbFNZRWZFdFM4aTl1bzdXeUlyZW5kc3lYVnoKcFJFTFk5ckFpeVZBTENGdm11NWtza1BFTnV0eDdZRFJ6U21lbWxSSGZER1lSRTU4NE1mSTg0TWtWUlVhaG5VZwpWQlVNV3NEVE9RY0ZEcWw0S1Q2SzZPNi9rMUxYeWRaa1BmbU1MSnVMNmRDWkwrN0xpaGlQOHZ3cjMvNFdoalk4CjFrTG9uMW4rZ0NySGQxQWdTbFZ5Ym0yTk9rMnlaNUNPbVdMdHRMMzZmYndvMXN5UFM5YnJVcXlPVi9kcllGZXMKWFBmd0hCK0s5V01UcTlBQkRwTHdzbUVZd1RkRlphMlZFN0ZKcVNGRllxVUNnZ0VCQUttYXJtSmJZTnM4dlJ5SwpRYXRoRUNyZk0wZmRFcWVkUlIwL3hMOHJwUHh3T1RkRThKc3BsL0REZ3VjZTdYYnE2ZG40dXd6K1NYS01ROXpyCmEzVlFUcFkrM2tuVFo0MExpVVYzeG5zZzgvR3d2dzBmdkYrQWp4MkpGSkY4VVV4OVh2ZXFoUllpVzZTcnpsQjQKSy9UaW9wQmwvYkpURmZuLy9weW8xaVpraXpwSXgyUzN2OGFBSU1NbzR0QnVwNG9JYnlYU2xKeVAwMGNhZWpFYwpob0pnaStZdFA5NkVyNkt4ZmJycWVzS3ZXbndaKzFiQVVQdHc4TjJNbXlpaHRjY2tuMFdpbnJxWjV1TEE0VUhMCnR5RFJYeEZzY3NIQ3dyNVc2ZkcvL2dXd1h6eHFFUm0zditjT1BTU3l2dVhzcHVHQVhYUkg3TU51ZEFhYUtMMlAKMWVTbzdlOENnZ0VBQW4yeGpqdG1pU3A4RFozRUh0QnB6KzQxcTgwSVRjWmtBTlZYRjdFNkxRQ3JxbzJUN29uQwpPbEd2Qm04VlNIVFMrR3J5R2RlYWlRNENOTTgrUjdPYll4eUU4OFBWMU9Kak55UllSWG5CU251dDIwM1I0ZzZyClZlUWVqUGNoQmVIY0p2Ri8yenQ0dFNGa2ZGWXFGVTNoNEYwMTBkTk9MTEhHUGpuTzREY3p3VmhoZnhSd2xCMkoKSkpqWVhMbm5MOGtVSzgrZkdlVXZFQVpRMkg2ZXM2L2kxME94UnlLaWJ6eUJvaVNPU1d6UVN4cXd5bHFwdmF6ZQplNDhqa3BuQUpMclFnQ2c1dlMxYi9BWnhZcHdlZ3doTzJlTk93eDFzRk9xbUdUUVRqVloxMEdyWlEySVQ1Znp1CkY5L0tpSHA2T3Q1TjZzcmtwRGo5bTQ4eWMwUFpmWXZFUVFLQ0FRQnFCS04rd0tZRWRUa0ZDenpZU1RnTnlMNEYKRGExUko2TDZjbUU2ajU1Um5RekFmeXl6c05XYWhWMEFRQVc3UHU4MzBHZlBBZTNSSEFrVzQwbnBleER6d002LwpoV1hVNWxNeXRLVzc5aitHQ1BpdVZ5dzhFYXFDdVMyaDVaTjVEckpvL3ordU8xOUFVZHMrWnRQMHpMTVgvV2wvCjY0aVZYOHVZSWFMemhnRlNFWG1pL3Roczh5dzNSZGdQenpMVG5JN1NwY0NuM0hwM2lWUzQrRm5LeEIzejRoTmIKQlNnSjlkY3FXQzB6eElFZVcwcFlSTUxsTnJxcCtqK3M3M2x4anFCd2RNais4YWs3MEJ3cXBwY0lKelhsSHgzRgpKbFBhK29YV1V6cVRLOEZROEo4NVorTFREenJWKzhNa2svOEVwUFdIS0oyRTkvMWJLTEtRTGxmUGZMWC8KLS0tLS1FTkQgUlNBIFBSSVZBVEUgS0VZLS0tLS0K\n    token: ugr9165vg060ze3p5teuykty3ry5b31zmzu6mxfqq3cl8of8ege0jflgc87mqye6tfsgxi9xvo0k2nauv9e8324inbg9c8h9ewkb1cip1jwj9kjass78ecxjpzslr41r\n",
            "kubelet_identity": [
              {
                "client_id": "a9d8d44c-c899-4f73-a3e4-326d242cf439",
                "object_id": "cb7a1ac9-41fd-48d5-8e86-e5789cf71572",
                "user_assigned_identity_id": "/subscriptions/dcef7009-6b94-4382-afdc-17eb160d709a/resourceGroups/MC_rg-lzaks-spoke-aks-infra_aks-cni_swedencentral/providers/Microsoft.ManagedIdentity/userAssignedIdentities/aks-cni-agentpool"
              }
            ],
            "kubernetes_version": "1.31",
            "linux_profile": [],
            "local_account_disabled": false,
            "location": "swedencentral",
            "maintenance_window": [],
            "maintenance_window_auto_upgrade": [],
            "maintenance_window_node_os": [],
            "microsoft_defender": [],
            "monitor_metrics": [],
            "name": "aks-cni",
            "network_profile": [
              {
                "dns_service_ip": "10.0.0.10",
                "ip_versions": [
                  "IPv4"
                ],
                "load_balancer_profile": [
                  {
                    "backend_pool_type": "NodeIPConfiguration",
                    "effective_outbound_ips": [],
                    "idle_timeout_in_minutes": 0,
                    "managed_outbound_ip_count": 0,
                    "managed_outbound_ipv6_count": 0,
                    "outbound_ip_address_ids": [],
                    "outbound_ip_prefix_ids": [],
                    "outbound_ports_allocated": 0
                  }
                ],
                "load_balancer_sku": "standard",
                "nat_gateway_profile": [],
                "network_data_plane": "azure",
                "network_mode": "",
                "network_plugin": "azure",
                "network_plugin_mode": "",
                "network_policy": "",
                "outbound_type": "userDefinedRouting",
                "pod_cidr": "",
                "pod_cidrs": [],
                "service_cidr": "10.0.0.0/16",
                "service_cidrs": [
                  "10.0.0.0/16"
                ]
              }
            ],
            "node_os_upgrade_channel": "NodeImage",
            "node_resource_group": "MC_rg-lzaks-spoke-aks-infra_aks-cni_swedencentral",
            "node_resource_group_id": "/subscriptions/dcef7009-6b94-4382-afdc-17eb160d709a/resourceGroups/MC_rg-lzaks-spoke-aks-infra_aks-cni_swedencentral",
            "oidc_issuer_enabled": false,
            "oidc_issuer_url": "",
            "oms_agent": [],
            "open_service_mesh_enabled": null,
            "portal_fqdn": "aks-uj1q5mot.portal.hcp.swedencentral.azmk8s.io",
            "private_cluster_enabled": false,
            "private_cluster_public_fqdn_enabled": false,
            "private_dns_zone_id": "",
            "private_fqdn": "",
            "resource_group_name": "rg-lzaks-spoke-aks-infra",
            "role_based_access_control_enabled": true,
            "run_command_enabled": true,
            "service_mesh_profile": [],
            "service_principal": [],
            "sku_tier": "Free",
            "storage_profile": [],
            "support_plan": "KubernetesOfficial",
            "tags": {},
            "timeouts": null,
            "upgrade_override": [],
            "web_app_routing": [],
            "windows_profile": [
              {
                "admin_password": "",
                "admin_username": "azureuser",
                "gmsa": [],
                "license": ""
              }
            ],
            "workload_autoscaler_profile": [],
            "workload_identity_enabled": false
          },
          "sensitive_attributes": [
            [
              {
                "type": "get_attr",
                "value": "kube_config_raw"
              }
            ],
            [
              {
                "type": "get_attr",
                "value": "kube_admin_config"
              }
            ],
            [
              {
                "type": "get_attr",
                "value": "kube_config"
              }
            ],
            [
              {
                "type": "get_attr",
                "value": "windows_profile"
              },
              {
                "type": "index",
                "value": {
                  "value": 0,
                  "type": "number"
                }
              },
              {
                "type": "get_attr",
                "value": "admin_password"
              }
            ],
            [
              {
                "type": "get_attr",
                "value": "kube_admin_config_raw"
              }
            ]
          ],
          "private": "eyJlMmJmYjczMC1lY2FhLTExZTYtOGY4OC0zNDM2M2JjN2M0YzAiOnsiY3JlYXRlIjo1NDAwMDAwMDAwMDAwLCJkZWxldGUiOjU0MDAwMDAwMDAwMDAsInJlYWQiOjMwMDAwMDAwMDAwMCwidXBkYXRlIjo1NDAwMDAwMDAwMDAwfSwic2NoZW1hX3ZlcnNpb24iOiIyIn0=",
          "dependencies": [
            "azurerm_resource_group.rg",
            "azurerm_subnet.snet_aks",
            "azurerm_virtual_network.vnet_spoke_aks",
            "data.terraform_remote_state.hub"
          ]
        }
      ]
    },
    {
      "mode": "managed",
      "type": "azurerm_monitor_data_collection_endpoint",
      "name": "data_collection_endpoint",
      "provider": "provider[\"registry.terraform.io/hashicorp/azurerm\"]",
      "instances": [
        {
          "index_key": 0,
          "schema_version": 0,
          "attributes": {
            "configuration_access_endpoint": "https://prometheus-data-collection-endpoint-um9w.swedencentral-1.handler.control.monitor.azure.com",
            "description": "",
            "id": "/subscriptions/dcef7009-6b94-4382-afdc-17eb160d709a/resourceGroups/rg-lzaks-spoke-aks-infra/providers/Microsoft.Insights/dataCollectionEndpoints/prometheus-data-collection-endpoint",
            "immutable_id": "dce-3285ca4b19154cc798e2cab96c91bfad",
            "kind": "Linux",
            "location": "swedencentral",
            "logs_ingestion_endpoint": "https://prometheus-data-collection-endpoint-um9w.swedencentral-1.ingest.monitor.azure.com",
            "name": "prometheus-data-collection-endpoint",
            "public_network_access_enabled": true,
            "resource_group_name": "rg-lzaks-spoke-aks-infra",
            "tags": {},
            "timeouts": null
          },
          "sensitive_attributes": [],
          "private": "eyJlMmJmYjczMC1lY2FhLTExZTYtOGY4OC0zNDM2M2JjN2M0YzAiOnsiY3JlYXRlIjoxODAwMDAwMDAwMDAwLCJkZWxldGUiOjE4MDAwMDAwMDAwMDAsInJlYWQiOjMwMDAwMDAwMDAwMCwidXBkYXRlIjoxODAwMDAwMDAwMDAwfX0=",
          "dependencies": [
            "azurerm_resource_group.rg"
          ]
        }
      ]
    },
    {
      "mode": "managed",
      "type": "azurerm_monitor_data_collection_rule",
      "name": "data_collection_rule",
      "provider": "provider[\"registry.terraform.io/hashicorp/azurerm\"]",
      "instances": [
        {
          "index_key": 0,
          "schema_version": 0,
          "attributes": {
            "data_collection_endpoint_id": "/subscriptions/dcef7009-6b94-4382-afdc-17eb160d709a/resourceGroups/rg-lzaks-spoke-aks-infra/providers/Microsoft.Insights/dataCollectionEndpoints/prometheus-data-collection-endpoint",
            "data_flow": [
              {
                "built_in_transform": "",
                "destinations": [
                  "monitor-workspace-prometheus"
                ],
                "output_stream": "",
                "streams": [
                  "Microsoft-PrometheusMetrics"
                ],
                "transform_kql": ""
              }
            ],
            "data_sources": [
              {
                "data_import": [],
                "extension": [],
                "iis_log": [],
                "log_file": [],
                "performance_counter": [],
                "platform_telemetry": [],
                "prometheus_forwarder": [
                  {
                    "label_include_filter": [],
                    "name": "PrometheusDataSource",
                    "streams": [
                      "Microsoft-PrometheusMetrics"
                    ]
                  }
                ],
                "syslog": [],
                "windows_event_log": [],
                "windows_firewall_log": []
              }
            ],
            "description": "",
            "destinations": [
              {
                "azure_monitor_metrics": [],
                "event_hub": [],
                "event_hub_direct": [],
                "log_analytics": [],
                "monitor_account": [
                  {
                    "monitor_account_id": "/subscriptions/dcef7009-6b94-4382-afdc-17eb160d709a/resourceGroups/rg-lzaks-spoke-aks-infra/providers/Microsoft.Monitor/accounts/monitor-workspace-prometheus",
                    "name": "monitor-workspace-prometheus"
                  }
                ],
                "storage_blob": [],
                "storage_blob_direct": [],
                "storage_table_direct": []
              }
            ],
            "id": "/subscriptions/dcef7009-6b94-4382-afdc-17eb160d709a/resourceGroups/rg-lzaks-spoke-aks-infra/providers/Microsoft.Insights/dataCollectionRules/prometheus-data-collection-rule",
            "identity": [],
            "immutable_id": "dcr-c325e5674e4749448c6a3c5192634bb8",
            "kind": "",
            "location": "swedencentral",
            "name": "prometheus-data-collection-rule",
            "resource_group_name": "rg-lzaks-spoke-aks-infra",
            "stream_declaration": [],
            "tags": {},
            "timeouts": null
          },
          "sensitive_attributes": [],
          "private": "eyJlMmJmYjczMC1lY2FhLTExZTYtOGY4OC0zNDM2M2JjN2M0YzAiOnsiY3JlYXRlIjoxODAwMDAwMDAwMDAwLCJkZWxldGUiOjE4MDAwMDAwMDAwMDAsInJlYWQiOjMwMDAwMDAwMDAwMCwidXBkYXRlIjoxODAwMDAwMDAwMDAwfX0=",
          "dependencies": [
            "azurerm_monitor_data_collection_endpoint.data_collection_endpoint",
            "azurerm_monitor_workspace.prometheus",
            "azurerm_resource_group.rg"
          ]
        }
      ]
    },
    {
      "mode": "managed",
      "type": "azurerm_monitor_workspace",
      "name": "prometheus",
      "provider": "provider[\"registry.terraform.io/hashicorp/azurerm\"]",
      "instances": [
        {
          "index_key": 0,
          "schema_version": 0,
          "attributes": {
            "default_data_collection_endpoint_id": "/subscriptions/dcef7009-6b94-4382-afdc-17eb160d709a/resourceGroups/MA_monitor-workspace-prometheus_swedencentral_managed/providers/Microsoft.Insights/dataCollectionEndpoints/monitor-workspace-prometheus",
            "default_data_collection_rule_id": "/subscriptions/dcef7009-6b94-4382-afdc-17eb160d709a/resourceGroups/MA_monitor-workspace-prometheus_swedencentral_managed/providers/Microsoft.Insights/dataCollectionRules/monitor-workspace-prometheus",
            "id": "/subscriptions/dcef7009-6b94-4382-afdc-17eb160d709a/resourceGroups/rg-lzaks-spoke-aks-infra/providers/Microsoft.Monitor/accounts/monitor-workspace-prometheus",
            "location": "swedencentral",
            "name": "monitor-workspace-prometheus",
            "public_network_access_enabled": true,
            "query_endpoint": "https://monitor-workspace-prometheus-b3bsd0g0e8cua3h7.swedencentral.prometheus.monitor.azure.com",
            "resource_group_name": "rg-lzaks-spoke-aks-infra",
            "tags": {
              "architecture": "Hub\u0026Spoke",
              "environment": "development",
              "source": "terraform"
            },
            "timeouts": null
          },
          "sensitive_attributes": [],
          "private": "eyJlMmJmYjczMC1lY2FhLTExZTYtOGY4OC0zNDM2M2JjN2M0YzAiOnsiY3JlYXRlIjoxODAwMDAwMDAwMDAwLCJkZWxldGUiOjE4MDAwMDAwMDAwMDAsInJlYWQiOjMwMDAwMDAwMDAwMCwidXBkYXRlIjoxODAwMDAwMDAwMDAwfX0=",
          "dependencies": [
            "azurerm_resource_group.rg"
          ]
        }
      ]
    },
    {
      "mode": "managed",
      "type": "azurerm_private_dns_zone",
      "name": "private_dns_zone_acr",
      "provider": "provider[\"registry.terraform.io/hashicorp/azurerm\"]",
      "instances": [
        {
          "index_key": 0,
          "schema_version": 0,
          "attributes": {
            "id": "/subscriptions/dcef7009-6b94-4382-afdc-17eb160d709a/resourceGroups/rg-lzaks-spoke-aks-infra/providers/Microsoft.Network/privateDnsZones/privatelink.azurecr.io",
            "max_number_of_record_sets": 25000,
            "max_number_of_virtual_network_links": 1000,
            "max_number_of_virtual_network_links_with_registration": 100,
            "name": "privatelink.azurecr.io",
            "number_of_record_sets": 5,
            "resource_group_name": "rg-lzaks-spoke-aks-infra",
            "soa_record": [
              {
                "email": "azureprivatedns-host.microsoft.com",
                "expire_time": 2419200,
                "fqdn": "privatelink.azurecr.io.",
                "host_name": "azureprivatedns.net",
                "minimum_ttl": 10,
                "refresh_time": 3600,
                "retry_time": 300,
                "serial_number": 1,
                "tags": {},
                "ttl": 3600
              }
            ],
            "tags": {
              "architecture": "Hub\u0026Spoke",
              "environment": "development",
              "source": "terraform"
            },
            "timeouts": null
          },
          "sensitive_attributes": [],
          "private": "eyJlMmJmYjczMC1lY2FhLTExZTYtOGY4OC0zNDM2M2JjN2M0YzAiOnsiY3JlYXRlIjoxODAwMDAwMDAwMDAwLCJkZWxldGUiOjE4MDAwMDAwMDAwMDAsInJlYWQiOjMwMDAwMDAwMDAwMCwidXBkYXRlIjoxODAwMDAwMDAwMDAwfX0=",
          "dependencies": [
            "azurerm_resource_group.rg"
          ]
        }
      ]
    },
    {
      "mode": "managed",
      "type": "azurerm_private_dns_zone_virtual_network_link",
      "name": "link_private_dns_zone_acr_to_vnet_hub",
      "provider": "provider[\"registry.terraform.io/hashicorp/azurerm\"]",
      "instances": [
        {
          "index_key": 0,
          "schema_version": 0,
          "attributes": {
            "id": "/subscriptions/dcef7009-6b94-4382-afdc-17eb160d709a/resourceGroups/rg-lzaks-spoke-aks-infra/providers/Microsoft.Network/privateDnsZones/privatelink.azurecr.io/virtualNetworkLinks/link_private_dns_zone_acr_to_vnet_hub",
            "name": "link_private_dns_zone_acr_to_vnet_hub",
            "private_dns_zone_name": "privatelink.azurecr.io",
            "registration_enabled": false,
            "resource_group_name": "rg-lzaks-spoke-aks-infra",
            "tags": {},
            "timeouts": null,
            "virtual_network_id": "/subscriptions/dcef7009-6b94-4382-afdc-17eb160d709a/resourceGroups/rg-lzaks-hub/providers/Microsoft.Network/virtualNetworks/vnet-hub"
          },
          "sensitive_attributes": [],
          "private": "eyJlMmJmYjczMC1lY2FhLTExZTYtOGY4OC0zNDM2M2JjN2M0YzAiOnsiY3JlYXRlIjoxODAwMDAwMDAwMDAwLCJkZWxldGUiOjE4MDAwMDAwMDAwMDAsInJlYWQiOjMwMDAwMDAwMDAwMCwidXBkYXRlIjoxODAwMDAwMDAwMDAwfX0=",
          "dependencies": [
            "azurerm_private_dns_zone.private_dns_zone_acr",
            "azurerm_resource_group.rg",
            "data.terraform_remote_state.hub"
          ]
        }
      ]
    },
    {
      "mode": "managed",
      "type": "azurerm_private_endpoint",
      "name": "pe_acr",
      "provider": "provider[\"registry.terraform.io/hashicorp/azurerm\"]",
      "instances": [
        {
          "index_key": 0,
          "schema_version": 0,
          "attributes": {
            "custom_dns_configs": [],
            "custom_network_interface_name": "",
            "id": "/subscriptions/dcef7009-6b94-4382-afdc-17eb160d709a/resourceGroups/rg-lzaks-spoke-aks-infra/providers/Microsoft.Network/privateEndpoints/private-endpoint-acr",
            "ip_configuration": [],
            "location": "swedencentral",
            "name": "private-endpoint-acr",
            "network_interface": [
              {
                "id": "/subscriptions/dcef7009-6b94-4382-afdc-17eb160d709a/resourceGroups/rg-lzaks-spoke-aks-infra/providers/Microsoft.Network/networkInterfaces/private-endpoint-acr.nic.219dc5f1-1816-46c5-99d2-77f256a6a0d7",
                "name": "private-endpoint-acr.nic.219dc5f1-1816-46c5-99d2-77f256a6a0d7"
              }
            ],
            "private_dns_zone_configs": [
              {
                "id": "/subscriptions/dcef7009-6b94-4382-afdc-17eb160d709a/resourceGroups/rg-lzaks-spoke-aks-infra/providers/Microsoft.Network/privateEndpoints/private-endpoint-acr/privateDnsZoneGroups/private-dns-zone-group-acr/privateDnsZoneConfigs/privatelink.azurecr.io",
                "name": "privatelink.azurecr.io",
                "private_dns_zone_id": "/subscriptions/dcef7009-6b94-4382-afdc-17eb160d709a/resourceGroups/rg-lzaks-spoke-aks-infra/providers/Microsoft.Network/privateDnsZones/privatelink.azurecr.io",
                "record_sets": [
                  {
                    "fqdn": "acrforakstf01357.eastus.data.privatelink.azurecr.io",
                    "ip_addresses": [
                      "10.1.2.4"
                    ],
                    "name": "acrforakstf01357.eastus.data",
                    "ttl": 10,
                    "type": "A"
                  },
                  {
                    "fqdn": "acrforakstf01357.swedencentral.data.privatelink.azurecr.io",
                    "ip_addresses": [
                      "10.1.2.5"
                    ],
                    "name": "acrforakstf01357.swedencentral.data",
                    "ttl": 10,
                    "type": "A"
                  },
                  {
                    "fqdn": "acrforakstf01357.northeurope.data.privatelink.azurecr.io",
                    "ip_addresses": [
                      "10.1.2.6"
                    ],
                    "name": "acrforakstf01357.northeurope.data",
                    "ttl": 10,
                    "type": "A"
                  },
                  {
                    "fqdn": "acrforakstf01357.privatelink.azurecr.io",
                    "ip_addresses": [
                      "10.1.2.7"
                    ],
                    "name": "acrforakstf01357",
                    "ttl": 10,
                    "type": "A"
                  }
                ]
              }
            ],
            "private_dns_zone_group": [
              {
                "id": "/subscriptions/dcef7009-6b94-4382-afdc-17eb160d709a/resourceGroups/rg-lzaks-spoke-aks-infra/providers/Microsoft.Network/privateEndpoints/private-endpoint-acr/privateDnsZoneGroups/private-dns-zone-group-acr",
                "name": "private-dns-zone-group-acr",
                "private_dns_zone_ids": [
                  "/subscriptions/dcef7009-6b94-4382-afdc-17eb160d709a/resourceGroups/rg-lzaks-spoke-aks-infra/providers/Microsoft.Network/privateDnsZones/privatelink.azurecr.io"
                ]
              }
            ],
            "private_service_connection": [
              {
                "is_manual_connection": false,
                "name": "connection-acr",
                "private_connection_resource_alias": "",
                "private_connection_resource_id": "/subscriptions/dcef7009-6b94-4382-afdc-17eb160d709a/resourceGroups/rg-lzaks-spoke-aks-infra/providers/Microsoft.ContainerRegistry/registries/acrforakstf01357",
                "private_ip_address": "10.1.2.4",
                "request_message": "",
                "subresource_names": [
                  "registry"
                ]
              }
            ],
            "resource_group_name": "rg-lzaks-spoke-aks-infra",
            "subnet_id": "/subscriptions/dcef7009-6b94-4382-afdc-17eb160d709a/resourceGroups/rg-lzaks-spoke-aks-infra/providers/Microsoft.Network/virtualNetworks/vnet-spoke-aks/subnets/snet-pe",
            "tags": {
              "architecture": "Hub\u0026Spoke",
              "environment": "development",
              "source": "terraform"
            },
            "timeouts": null
          },
          "sensitive_attributes": [],
          "private": "eyJlMmJmYjczMC1lY2FhLTExZTYtOGY4OC0zNDM2M2JjN2M0YzAiOnsiY3JlYXRlIjozNjAwMDAwMDAwMDAwLCJkZWxldGUiOjM2MDAwMDAwMDAwMDAsInJlYWQiOjMwMDAwMDAwMDAwMCwidXBkYXRlIjozNjAwMDAwMDAwMDAwfX0=",
          "dependencies": [
            "azurerm_container_registry.acr",
            "azurerm_private_dns_zone.private_dns_zone_acr",
            "azurerm_resource_group.rg",
            "azurerm_subnet.snet_pe",
            "azurerm_virtual_network.vnet_spoke_aks",
            "data.http.machine_ip",
            "data.terraform_remote_state.hub"
          ]
        }
      ]
    },
    {
      "mode": "managed",
      "type": "azurerm_resource_group",
      "name": "rg",
      "provider": "provider[\"registry.terraform.io/hashicorp/azurerm\"]",
      "instances": [
        {
          "schema_version": 0,
          "attributes": {
            "id": "/subscriptions/dcef7009-6b94-4382-afdc-17eb160d709a/resourceGroups/rg-lzaks-spoke-aks-infra",
            "location": "swedencentral",
            "managed_by": "",
            "name": "rg-lzaks-spoke-aks-infra",
            "tags": {
              "architecture": "Hub\u0026Spoke",
              "environment": "development",
              "source": "terraform"
            },
            "timeouts": null
          },
          "sensitive_attributes": [],
          "private": "eyJlMmJmYjczMC1lY2FhLTExZTYtOGY4OC0zNDM2M2JjN2M0YzAiOnsiY3JlYXRlIjo1NDAwMDAwMDAwMDAwLCJkZWxldGUiOjU0MDAwMDAwMDAwMDAsInJlYWQiOjMwMDAwMDAwMDAwMCwidXBkYXRlIjo1NDAwMDAwMDAwMDAwfX0=",
          "create_before_destroy": true
        }
      ]
    },
    {
      "mode": "managed",
      "type": "azurerm_role_assignment",
      "name": "role_grafana_admin",
      "provider": "provider[\"registry.terraform.io/hashicorp/azurerm\"]",
      "instances": [
        {
          "index_key": 0,
          "schema_version": 0,
          "attributes": {
            "condition": "",
            "condition_version": "",
            "delegated_managed_identity_resource_id": "",
            "description": "",
            "id": "/subscriptions/dcef7009-6b94-4382-afdc-17eb160d709a/resourceGroups/rg-lzaks-spoke-aks-infra/providers/Microsoft.Dashboard/grafana/grafana-123579/providers/Microsoft.Authorization/roleAssignments/206b0633-8531-b026-a222-f9fadc8c2807",
            "name": "206b0633-8531-b026-a222-f9fadc8c2807",
            "principal_id": "8173c45d-035e-4692-8f40-540cd5fc0f18",
            "principal_type": "User",
            "role_definition_id": "/subscriptions/dcef7009-6b94-4382-afdc-17eb160d709a/providers/Microsoft.Authorization/roleDefinitions/22926164-76b3-42b3-bc55-97df8dab3e41",
            "role_definition_name": "Grafana Admin",
            "scope": "/subscriptions/dcef7009-6b94-4382-afdc-17eb160d709a/resourceGroups/rg-lzaks-spoke-aks-infra/providers/Microsoft.Dashboard/grafana/grafana-123579",
            "skip_service_principal_aad_check": null,
            "timeouts": null
          },
          "sensitive_attributes": [],
          "private": "eyJlMmJmYjczMC1lY2FhLTExZTYtOGY4OC0zNDM2M2JjN2M0YzAiOnsiY3JlYXRlIjoxODAwMDAwMDAwMDAwLCJkZWxldGUiOjE4MDAwMDAwMDAwMDAsInJlYWQiOjMwMDAwMDAwMDAwMH19",
          "dependencies": [
            "azurerm_dashboard_grafana.grafana",
            "azurerm_monitor_workspace.prometheus",
            "azurerm_resource_group.rg",
            "data.azurerm_client_config.current"
          ]
        }
      ]
    },
    {
      "mode": "managed",
      "type": "azurerm_role_assignment",
      "name": "role_monitoring_data_reader",
      "provider": "provider[\"registry.terraform.io/hashicorp/azurerm\"]",
      "instances": [
        {
          "index_key": 0,
          "schema_version": 0,
          "attributes": {
            "condition": "",
            "condition_version": "",
            "delegated_managed_identity_resource_id": "",
            "description": "",
            "id": "/subscriptions/dcef7009-6b94-4382-afdc-17eb160d709a/resourceGroups/rg-lzaks-spoke-aks-infra/providers/Microsoft.Monitor/accounts/monitor-workspace-prometheus/providers/Microsoft.Authorization/roleAssignments/5184e1c0-2937-b3a6-bf8f-649517fdde4b",
            "name": "5184e1c0-2937-b3a6-bf8f-649517fdde4b",
            "principal_id": "88b2bb0e-ca08-4611-91e7-736a2bd5cdb0",
            "principal_type": "ServicePrincipal",
            "role_definition_id": "/subscriptions/dcef7009-6b94-4382-afdc-17eb160d709a/providers/Microsoft.Authorization/roleDefinitions/b0d8363b-8ddd-447d-831f-62ca05bff136",
            "role_definition_name": "Monitoring Data Reader",
            "scope": "/subscriptions/dcef7009-6b94-4382-afdc-17eb160d709a/resourceGroups/rg-lzaks-spoke-aks-infra/providers/Microsoft.Monitor/accounts/monitor-workspace-prometheus",
            "skip_service_principal_aad_check": null,
            "timeouts": null
          },
          "sensitive_attributes": [],
          "private": "eyJlMmJmYjczMC1lY2FhLTExZTYtOGY4OC0zNDM2M2JjN2M0YzAiOnsiY3JlYXRlIjoxODAwMDAwMDAwMDAwLCJkZWxldGUiOjE4MDAwMDAwMDAwMDAsInJlYWQiOjMwMDAwMDAwMDAwMH19",
          "dependencies": [
            "azurerm_dashboard_grafana.grafana",
            "azurerm_monitor_workspace.prometheus",
            "azurerm_resource_group.rg"
          ]
        }
      ]
    },
    {
      "mode": "managed",
      "type": "azurerm_role_assignment",
      "name": "role_monitoring_data_reader_me",
      "provider": "provider[\"registry.terraform.io/hashicorp/azurerm\"]",
      "instances": [
        {
          "index_key": 0,
          "schema_version": 0,
          "attributes": {
            "condition": "",
            "condition_version": "",
            "delegated_managed_identity_resource_id": "",
            "description": "",
            "id": "/subscriptions/dcef7009-6b94-4382-afdc-17eb160d709a/resourceGroups/rg-lzaks-spoke-aks-infra/providers/Microsoft.Monitor/accounts/monitor-workspace-prometheus/providers/Microsoft.Authorization/roleAssignments/66a81b9f-21c3-5a6e-52cd-7525f5a9df56",
            "name": "66a81b9f-21c3-5a6e-52cd-7525f5a9df56",
            "principal_id": "8173c45d-035e-4692-8f40-540cd5fc0f18",
            "principal_type": "User",
            "role_definition_id": "/subscriptions/dcef7009-6b94-4382-afdc-17eb160d709a/providers/Microsoft.Authorization/roleDefinitions/b0d8363b-8ddd-447d-831f-62ca05bff136",
            "role_definition_name": "Monitoring Data Reader",
            "scope": "/subscriptions/dcef7009-6b94-4382-afdc-17eb160d709a/resourceGroups/rg-lzaks-spoke-aks-infra/providers/Microsoft.Monitor/accounts/monitor-workspace-prometheus",
            "skip_service_principal_aad_check": null,
            "timeouts": null
          },
          "sensitive_attributes": [],
          "private": "eyJlMmJmYjczMC1lY2FhLTExZTYtOGY4OC0zNDM2M2JjN2M0YzAiOnsiY3JlYXRlIjoxODAwMDAwMDAwMDAwLCJkZWxldGUiOjE4MDAwMDAwMDAwMDAsInJlYWQiOjMwMDAwMDAwMDAwMH19",
          "dependencies": [
            "azurerm_monitor_workspace.prometheus",
            "azurerm_resource_group.rg",
            "data.azurerm_client_config.current"
          ]
        }
      ]
    },
    {
      "mode": "managed",
      "type": "azurerm_role_assignment",
      "name": "role_monitoring_reader",
      "provider": "provider[\"registry.terraform.io/hashicorp/azurerm\"]",
      "instances": [
        {
          "index_key": 0,
          "schema_version": 0,
          "attributes": {
            "condition": "",
            "condition_version": "",
            "delegated_managed_identity_resource_id": "",
            "description": "",
            "id": "/subscriptions/dcef7009-6b94-4382-afdc-17eb160d709a/providers/Microsoft.Authorization/roleAssignments/66c554bc-b199-8d1c-e14f-9280fe349564",
            "name": "66c554bc-b199-8d1c-e14f-9280fe349564",
            "principal_id": "88b2bb0e-ca08-4611-91e7-736a2bd5cdb0",
            "principal_type": "ServicePrincipal",
            "role_definition_id": "/subscriptions/dcef7009-6b94-4382-afdc-17eb160d709a/providers/Microsoft.Authorization/roleDefinitions/43d0d8ad-25c7-4714-9337-8ba259a9fe05",
            "role_definition_name": "Monitoring Reader",
            "scope": "/subscriptions/dcef7009-6b94-4382-afdc-17eb160d709a",
            "skip_service_principal_aad_check": null,
            "timeouts": null
          },
          "sensitive_attributes": [],
          "private": "eyJlMmJmYjczMC1lY2FhLTExZTYtOGY4OC0zNDM2M2JjN2M0YzAiOnsiY3JlYXRlIjoxODAwMDAwMDAwMDAwLCJkZWxldGUiOjE4MDAwMDAwMDAwMDAsInJlYWQiOjMwMDAwMDAwMDAwMH19",
          "dependencies": [
            "azurerm_dashboard_grafana.grafana",
            "azurerm_monitor_workspace.prometheus",
            "azurerm_resource_group.rg",
            "data.azurerm_subscription.subscription_spoke"
          ]
        }
      ]
    },
    {
      "mode": "managed",
      "type": "azurerm_route",
      "name": "route_to_firewall",
      "provider": "provider[\"registry.terraform.io/hashicorp/azurerm\"]",
      "instances": [
        {
          "index_key": 0,
          "schema_version": 0,
          "attributes": {
            "address_prefix": "0.0.0.0/0",
            "id": "/subscriptions/dcef7009-6b94-4382-afdc-17eb160d709a/resourceGroups/rg-lzaks-spoke-aks-infra/providers/Microsoft.Network/routeTables/route-table-to-firewall/routes/route-to-firewall",
            "name": "route-to-firewall",
            "next_hop_in_ip_address": "172.16.0.4",
            "next_hop_type": "VirtualAppliance",
            "resource_group_name": "rg-lzaks-spoke-aks-infra",
            "route_table_name": "route-table-to-firewall",
            "timeouts": null
          },
          "sensitive_attributes": [],
          "private": "eyJlMmJmYjczMC1lY2FhLTExZTYtOGY4OC0zNDM2M2JjN2M0YzAiOnsiY3JlYXRlIjoxODAwMDAwMDAwMDAwLCJkZWxldGUiOjE4MDAwMDAwMDAwMDAsInJlYWQiOjMwMDAwMDAwMDAwMCwidXBkYXRlIjoxODAwMDAwMDAwMDAwfX0=",
          "dependencies": [
            "azurerm_resource_group.rg",
            "azurerm_route_table.route_table_to_firewall",
            "data.terraform_remote_state.hub"
          ]
        }
      ]
    },
    {
      "mode": "managed",
      "type": "azurerm_route_table",
      "name": "route_table_to_firewall",
      "provider": "provider[\"registry.terraform.io/hashicorp/azurerm\"]",
      "instances": [
        {
          "schema_version": 0,
          "attributes": {
            "bgp_route_propagation_enabled": true,
            "id": "/subscriptions/dcef7009-6b94-4382-afdc-17eb160d709a/resourceGroups/rg-lzaks-spoke-aks-infra/providers/Microsoft.Network/routeTables/route-table-to-firewall",
            "location": "swedencentral",
            "name": "route-table-to-firewall",
            "resource_group_name": "rg-lzaks-spoke-aks-infra",
            "route": [
              {
                "address_prefix": "0.0.0.0/0",
                "name": "route-to-firewall",
                "next_hop_in_ip_address": "172.16.0.4",
                "next_hop_type": "VirtualAppliance"
              }
            ],
            "subnets": [
              "/subscriptions/dcef7009-6b94-4382-afdc-17eb160d709a/resourceGroups/rg-lzaks-spoke-aks-infra/providers/Microsoft.Network/virtualNetworks/vnet-spoke-aks/subnets/snet-aks"
            ],
            "tags": {
              "architecture": "Hub\u0026Spoke",
              "environment": "development",
              "source": "terraform"
            },
            "timeouts": null
          },
          "sensitive_attributes": [],
          "private": "eyJlMmJmYjczMC1lY2FhLTExZTYtOGY4OC0zNDM2M2JjN2M0YzAiOnsiY3JlYXRlIjoxODAwMDAwMDAwMDAwLCJkZWxldGUiOjE4MDAwMDAwMDAwMDAsInJlYWQiOjMwMDAwMDAwMDAwMCwidXBkYXRlIjoxODAwMDAwMDAwMDAwfX0=",
          "dependencies": [
            "azurerm_resource_group.rg"
          ]
        }
      ]
    },
    {
      "mode": "managed",
      "type": "azurerm_subnet",
      "name": "snet_aks",
      "provider": "provider[\"registry.terraform.io/hashicorp/azurerm\"]",
      "instances": [
        {
          "schema_version": 0,
          "attributes": {
            "address_prefixes": [
              "10.1.4.0/22"
            ],
            "default_outbound_access_enabled": true,
            "delegation": [],
            "id": "/subscriptions/dcef7009-6b94-4382-afdc-17eb160d709a/resourceGroups/rg-lzaks-spoke-aks-infra/providers/Microsoft.Network/virtualNetworks/vnet-spoke-aks/subnets/snet-aks",
            "name": "snet-aks",
            "private_endpoint_network_policies": "Disabled",
            "private_link_service_network_policies_enabled": true,
            "resource_group_name": "rg-lzaks-spoke-aks-infra",
            "service_endpoint_policy_ids": [],
            "service_endpoints": [],
            "timeouts": null,
            "virtual_network_name": "vnet-spoke-aks"
          },
          "sensitive_attributes": [],
          "private": "eyJlMmJmYjczMC1lY2FhLTExZTYtOGY4OC0zNDM2M2JjN2M0YzAiOnsiY3JlYXRlIjoxODAwMDAwMDAwMDAwLCJkZWxldGUiOjE4MDAwMDAwMDAwMDAsInJlYWQiOjMwMDAwMDAwMDAwMCwidXBkYXRlIjoxODAwMDAwMDAwMDAwfX0=",
          "dependencies": [
            "azurerm_resource_group.rg",
            "azurerm_virtual_network.vnet_spoke_aks",
            "data.terraform_remote_state.hub"
          ]
        }
      ]
    },
    {
      "mode": "managed",
      "type": "azurerm_subnet",
      "name": "snet_pe",
      "provider": "provider[\"registry.terraform.io/hashicorp/azurerm\"]",
      "instances": [
        {
          "index_key": 0,
          "schema_version": 0,
          "attributes": {
            "address_prefixes": [
              "10.1.2.0/28"
            ],
            "default_outbound_access_enabled": true,
            "delegation": [],
            "id": "/subscriptions/dcef7009-6b94-4382-afdc-17eb160d709a/resourceGroups/rg-lzaks-spoke-aks-infra/providers/Microsoft.Network/virtualNetworks/vnet-spoke-aks/subnets/snet-pe",
            "name": "snet-pe",
            "private_endpoint_network_policies": "Disabled",
            "private_link_service_network_policies_enabled": true,
            "resource_group_name": "rg-lzaks-spoke-aks-infra",
            "service_endpoint_policy_ids": [],
            "service_endpoints": [],
            "timeouts": null,
            "virtual_network_name": "vnet-spoke-aks"
          },
          "sensitive_attributes": [],
          "private": "eyJlMmJmYjczMC1lY2FhLTExZTYtOGY4OC0zNDM2M2JjN2M0YzAiOnsiY3JlYXRlIjoxODAwMDAwMDAwMDAwLCJkZWxldGUiOjE4MDAwMDAwMDAwMDAsInJlYWQiOjMwMDAwMDAwMDAwMCwidXBkYXRlIjoxODAwMDAwMDAwMDAwfX0=",
          "dependencies": [
            "azurerm_resource_group.rg",
            "azurerm_virtual_network.vnet_spoke_aks",
            "data.terraform_remote_state.hub"
          ]
        }
      ]
    },
    {
      "mode": "managed",
      "type": "azurerm_subnet_route_table_association",
      "name": "association_rt_subnet_aks",
      "provider": "provider[\"registry.terraform.io/hashicorp/azurerm\"]",
      "instances": [
        {
          "schema_version": 0,
          "attributes": {
            "id": "/subscriptions/dcef7009-6b94-4382-afdc-17eb160d709a/resourceGroups/rg-lzaks-spoke-aks-infra/providers/Microsoft.Network/virtualNetworks/vnet-spoke-aks/subnets/snet-aks",
            "route_table_id": "/subscriptions/dcef7009-6b94-4382-afdc-17eb160d709a/resourceGroups/rg-lzaks-spoke-aks-infra/providers/Microsoft.Network/routeTables/route-table-to-firewall",
            "subnet_id": "/subscriptions/dcef7009-6b94-4382-afdc-17eb160d709a/resourceGroups/rg-lzaks-spoke-aks-infra/providers/Microsoft.Network/virtualNetworks/vnet-spoke-aks/subnets/snet-aks",
            "timeouts": null
          },
          "sensitive_attributes": [],
          "private": "eyJlMmJmYjczMC1lY2FhLTExZTYtOGY4OC0zNDM2M2JjN2M0YzAiOnsiY3JlYXRlIjoxODAwMDAwMDAwMDAwLCJkZWxldGUiOjE4MDAwMDAwMDAwMDAsInJlYWQiOjMwMDAwMDAwMDAwMH19",
          "dependencies": [
            "azurerm_resource_group.rg",
            "azurerm_route_table.route_table_to_firewall",
            "azurerm_subnet.snet_aks",
            "azurerm_virtual_network.vnet_spoke_aks",
            "data.terraform_remote_state.hub"
          ]
        }
      ]
    },
    {
      "mode": "managed",
      "type": "azurerm_virtual_network",
      "name": "vnet_spoke_aks",
      "provider": "provider[\"registry.terraform.io/hashicorp/azurerm\"]",
      "instances": [
        {
          "schema_version": 0,
          "attributes": {
            "address_space": [
              "10.1.0.0/16"
            ],
            "bgp_community": "",
            "ddos_protection_plan": [],
            "dns_servers": [
              "172.16.0.4"
            ],
            "edge_zone": "",
            "encryption": [],
            "flow_timeout_in_minutes": 0,
            "guid": "27774ef0-b200-470a-95b5-dd65ef9d700a",
            "id": "/subscriptions/dcef7009-6b94-4382-afdc-17eb160d709a/resourceGroups/rg-lzaks-spoke-aks-infra/providers/Microsoft.Network/virtualNetworks/vnet-spoke-aks",
            "location": "swedencentral",
            "name": "vnet-spoke-aks",
            "private_endpoint_vnet_policies": "Disabled",
            "resource_group_name": "rg-lzaks-spoke-aks-infra",
            "subnet": [
              {
                "address_prefixes": [
                  "10.1.2.0/28"
                ],
                "default_outbound_access_enabled": true,
                "delegation": [],
                "id": "/subscriptions/dcef7009-6b94-4382-afdc-17eb160d709a/resourceGroups/rg-lzaks-spoke-aks-infra/providers/Microsoft.Network/virtualNetworks/vnet-spoke-aks/subnets/snet-pe",
                "name": "snet-pe",
                "private_endpoint_network_policies": "Disabled",
                "private_link_service_network_policies_enabled": true,
                "route_table_id": "",
                "security_group": "",
                "service_endpoint_policy_ids": [],
                "service_endpoints": []
              },
              {
                "address_prefixes": [
                  "10.1.4.0/22"
                ],
                "default_outbound_access_enabled": true,
                "delegation": [],
                "id": "/subscriptions/dcef7009-6b94-4382-afdc-17eb160d709a/resourceGroups/rg-lzaks-spoke-aks-infra/providers/Microsoft.Network/virtualNetworks/vnet-spoke-aks/subnets/snet-aks",
                "name": "snet-aks",
                "private_endpoint_network_policies": "Disabled",
                "private_link_service_network_policies_enabled": true,
                "route_table_id": "/subscriptions/dcef7009-6b94-4382-afdc-17eb160d709a/resourceGroups/rg-lzaks-spoke-aks-infra/providers/Microsoft.Network/routeTables/route-table-to-firewall",
                "security_group": "",
                "service_endpoint_policy_ids": [],
                "service_endpoints": []
              }
            ],
            "tags": {
              "architecture": "Hub\u0026Spoke",
              "environment": "development",
              "source": "terraform"
            },
            "timeouts": null
          },
          "sensitive_attributes": [],
          "private": "eyJlMmJmYjczMC1lY2FhLTExZTYtOGY4OC0zNDM2M2JjN2M0YzAiOnsiY3JlYXRlIjoxODAwMDAwMDAwMDAwLCJkZWxldGUiOjE4MDAwMDAwMDAwMDAsInJlYWQiOjMwMDAwMDAwMDAwMCwidXBkYXRlIjoxODAwMDAwMDAwMDAwfX0=",
          "dependencies": [
            "azurerm_resource_group.rg",
            "data.terraform_remote_state.hub"
          ],
          "create_before_destroy": true
        }
      ]
    },
    {
      "mode": "managed",
      "type": "terraform_data",
      "name": "import-grafana-dashboard",
      "provider": "provider[\"terraform.io/builtin/terraform\"]",
      "instances": [
        {
          "schema_version": 0,
          "attributes": {
            "id": "5ebd6b26-ce21-6f49-120b-71d1abbedf27",
            "input": null,
            "output": null,
            "triggers_replace": {
              "value": [
                "/subscriptions/dcef7009-6b94-4382-afdc-17eb160d709a/resourceGroups/rg-lzaks-spoke-aks-infra/providers/Microsoft.Dashboard/grafana/grafana-123579"
              ],
              "type": [
                "tuple",
                [
                  "string"
                ]
              ]
            }
          },
          "sensitive_attributes": [],
          "dependencies": [
            "azurerm_dashboard_grafana.grafana",
            "azurerm_monitor_workspace.prometheus",
            "azurerm_resource_group.rg",
            "azurerm_role_assignment.role_grafana_admin",
            "data.azurerm_client_config.current"
          ]
        }
      ]
    },
    {
      "module": "module.virtual_network_peering_hub_and_spoke_aks[0]",
      "mode": "managed",
      "type": "azurerm_virtual_network_peering",
      "name": "vnet_peering_hub_to_spoke",
      "provider": "provider[\"registry.terraform.io/hashicorp/azurerm\"]",
      "instances": [
        {
          "schema_version": 0,
          "attributes": {
            "allow_forwarded_traffic": true,
            "allow_gateway_transit": false,
            "allow_virtual_network_access": true,
            "id": "/subscriptions/dcef7009-6b94-4382-afdc-17eb160d709a/resourceGroups/rg-lzaks-hub/providers/Microsoft.Network/virtualNetworks/vnet-hub/virtualNetworkPeerings/vnet_peering_hub_to_vnet-spoke-aks",
            "local_subnet_names": [],
            "name": "vnet_peering_hub_to_vnet-spoke-aks",
            "only_ipv6_peering_enabled": false,
            "peer_complete_virtual_networks_enabled": true,
            "remote_subnet_names": [],
            "remote_virtual_network_id": "/subscriptions/dcef7009-6b94-4382-afdc-17eb160d709a/resourceGroups/rg-lzaks-spoke-aks-infra/providers/Microsoft.Network/virtualNetworks/vnet-spoke-aks",
            "resource_group_name": "rg-lzaks-hub",
            "timeouts": null,
            "triggers": null,
            "use_remote_gateways": false,
            "virtual_network_name": "vnet-hub"
          },
          "sensitive_attributes": [],
          "private": "eyJlMmJmYjczMC1lY2FhLTExZTYtOGY4OC0zNDM2M2JjN2M0YzAiOnsiY3JlYXRlIjoxODAwMDAwMDAwMDAwLCJkZWxldGUiOjE4MDAwMDAwMDAwMDAsInJlYWQiOjMwMDAwMDAwMDAwMCwidXBkYXRlIjoxODAwMDAwMDAwMDAwfX0=",
          "dependencies": [
            "azurerm_resource_group.rg",
            "azurerm_virtual_network.vnet_spoke_aks",
            "data.terraform_remote_state.hub"
          ]
        }
      ]
    },
    {
      "module": "module.virtual_network_peering_hub_and_spoke_aks[0]",
      "mode": "managed",
      "type": "azurerm_virtual_network_peering",
      "name": "vnet_peering_spoke_to_hub",
      "provider": "provider[\"registry.terraform.io/hashicorp/azurerm\"]",
      "instances": [
        {
          "schema_version": 0,
          "attributes": {
            "allow_forwarded_traffic": true,
            "allow_gateway_transit": false,
            "allow_virtual_network_access": true,
            "id": "/subscriptions/dcef7009-6b94-4382-afdc-17eb160d709a/resourceGroups/rg-lzaks-spoke-aks-infra/providers/Microsoft.Network/virtualNetworks/vnet-spoke-aks/virtualNetworkPeerings/vnet_peering_vnet-spoke-aks_to_hub",
            "local_subnet_names": [],
            "name": "vnet_peering_vnet-spoke-aks_to_hub",
            "only_ipv6_peering_enabled": false,
            "peer_complete_virtual_networks_enabled": true,
            "remote_subnet_names": [],
            "remote_virtual_network_id": "/subscriptions/dcef7009-6b94-4382-afdc-17eb160d709a/resourceGroups/rg-lzaks-hub/providers/Microsoft.Network/virtualNetworks/vnet-hub",
            "resource_group_name": "rg-lzaks-spoke-aks-infra",
            "timeouts": null,
            "triggers": null,
            "use_remote_gateways": false,
            "virtual_network_name": "vnet-spoke-aks"
          },
          "sensitive_attributes": [],
          "private": "eyJlMmJmYjczMC1lY2FhLTExZTYtOGY4OC0zNDM2M2JjN2M0YzAiOnsiY3JlYXRlIjoxODAwMDAwMDAwMDAwLCJkZWxldGUiOjE4MDAwMDAwMDAwMDAsInJlYWQiOjMwMDAwMDAwMDAwMCwidXBkYXRlIjoxODAwMDAwMDAwMDAwfX0=",
          "dependencies": [
            "azurerm_resource_group.rg",
            "azurerm_virtual_network.vnet_spoke_aks",
            "data.terraform_remote_state.hub"
          ]
        }
      ]
    }
  ],
  "check_results": null
}
