{
  "version": 4,
  "terraform_version": "1.12.0",
  "serial": 88,
  "lineage": "2c1c46aa-0254-5690-cb8f-9aaaeb8a6de4",
  "outputs": {},
  "resources": [
    {
      "mode": "data",
      "type": "azuread_client_config",
      "name": "current",
      "provider": "provider[\"registry.terraform.io/hashicorp/azuread\"]",
      "instances": [
        {
          "schema_version": 0,
          "attributes": {
            "client_id": "04b07795-8ddb-461a-bbee-02f9e1bf7b46",
            "id": "93139d1e-a3c1-4d78-9ed5-878be090eba4-04b07795-8ddb-461a-bbee-02f9e1bf7b46-8173c45d-035e-4692-8f40-540cd5fc0f18",
            "object_id": "8173c45d-035e-4692-8f40-540cd5fc0f18",
            "tenant_id": "93139d1e-a3c1-4d78-9ed5-878be090eba4",
            "timeouts": null
          },
          "sensitive_attributes": [],
          "identity_schema_version": 0
        }
      ]
    },
    {
      "mode": "data",
      "type": "azurerm_subscription",
      "name": "subscription_spoke",
      "provider": "provider[\"registry.terraform.io/hashicorp/azurerm\"]",
      "instances": [
        {
          "schema_version": 0,
          "attributes": {
            "display_name": "ME-MngEnvMCAP784683-hodellai-1",
            "id": "/subscriptions/dcef7009-6b94-4382-afdc-17eb160d709a",
            "location_placement_id": "Internal_2014-09-01",
            "quota_id": "Internal_2014-09-01",
            "spending_limit": "Off",
            "state": "Enabled",
            "subscription_id": "dcef7009-6b94-4382-afdc-17eb160d709a",
            "tags": {
              "Division": "Core",
              "Environment": "Hybrid",
              "Purpose": "UserTenant",
              "TimeZone": "_P29145_France_444350001"
            },
            "tenant_id": "93139d1e-a3c1-4d78-9ed5-878be090eba4",
            "timeouts": null
          },
          "sensitive_attributes": [],
          "identity_schema_version": 0
        }
      ]
    },
    {
      "mode": "data",
      "type": "terraform_remote_state",
      "name": "hub",
      "provider": "provider[\"terraform.io/builtin/terraform\"]",
      "instances": [
        {
          "index_key": 0,
          "schema_version": 0,
          "attributes": {
            "backend": "local",
            "config": {
              "value": {
                "path": "../01_hub/terraform.tfstate"
              },
              "type": [
                "object",
                {
                  "path": "string"
                }
              ]
            },
            "defaults": null,
            "outputs": {
              "value": {
                "dns_zone_aks": {
                  "id": "/subscriptions/dcef7009-6b94-4382-afdc-17eb160d709a/resourceGroups/rg-alz-hub/providers/Microsoft.Network/privateDnsZones/privatelink.swedencentral.azmk8s.io"
                },
                "dns_zone_apps": {
                  "name": "apps.azure-aks-enterprise.com",
                  "resource_group_name": "rg-alz-hub"
                },
                "firewall": {
                  "enabled": true,
                  "policy_id": "/subscriptions/dcef7009-6b94-4382-afdc-17eb160d709a/resourceGroups/rg-alz-hub/providers/Microsoft.Network/firewallPolicies/firewall-policy",
                  "private_ip": "172.16.0.4",
                  "public_ip": "9.223.113.29"
                },
                "log_analytics_workspace": {
                  "id": "/subscriptions/dcef7009-6b94-4382-afdc-17eb160d709a/resourceGroups/rg-alz-hub/providers/Microsoft.OperationalInsights/workspaces/log-analytics",
                  "location": "swedencentral",
                  "workspace_id": "e31d3474-f8c4-41d2-bebc-43835e122488"
                },
                "vnet_hub": {
                  "id": "/subscriptions/dcef7009-6b94-4382-afdc-17eb160d709a/resourceGroups/rg-alz-hub/providers/Microsoft.Network/virtualNetworks/vnet-hub"
                }
              },
              "type": [
                "object",
                {
                  "dns_zone_aks": [
                    "object",
                    {
                      "id": "string"
                    }
                  ],
                  "dns_zone_apps": [
                    "object",
                    {
                      "name": "string",
                      "resource_group_name": "string"
                    }
                  ],
                  "firewall": [
                    "object",
                    {
                      "enabled": "bool",
                      "policy_id": "string",
                      "private_ip": "string",
                      "public_ip": "string"
                    }
                  ],
                  "log_analytics_workspace": [
                    "object",
                    {
                      "id": "string",
                      "location": "string",
                      "workspace_id": "string"
                    }
                  ],
                  "vnet_hub": [
                    "object",
                    {
                      "id": "string"
                    }
                  ]
                }
              ]
            },
            "workspace": null
          },
          "sensitive_attributes": [],
          "identity_schema_version": 0
        }
      ]
    },
    {
      "mode": "managed",
      "type": "azurerm_kubernetes_cluster",
      "name": "aks",
      "provider": "provider[\"registry.terraform.io/hashicorp/azurerm\"]",
      "instances": [
        {
          "schema_version": 2,
          "attributes": {
            "aci_connector_linux": [],
            "api_server_access_profile": [
              {
                "authorized_ip_ranges": [
                  "0.0.0.0/0"
                ]
              }
            ],
            "auto_scaler_profile": [
              {
                "balance_similar_node_groups": false,
                "daemonset_eviction_for_empty_nodes_enabled": false,
                "daemonset_eviction_for_occupied_nodes_enabled": true,
                "empty_bulk_delete_max": "10",
                "expander": "random",
                "ignore_daemonsets_utilization_enabled": false,
                "max_graceful_termination_sec": "600",
                "max_node_provisioning_time": "15m",
                "max_unready_nodes": 3,
                "max_unready_percentage": 45,
                "new_pod_scale_up_delay": "10s",
                "scale_down_delay_after_add": "10m",
                "scale_down_delay_after_delete": "10s",
                "scale_down_delay_after_failure": "3m",
                "scale_down_unneeded": "10m",
                "scale_down_unready": "20m",
                "scale_down_utilization_threshold": "0.5",
                "scan_interval": "10s",
                "skip_nodes_with_local_storage": true,
                "skip_nodes_with_system_pods": true
              }
            ],
            "automatic_upgrade_channel": "node-image",
            "azure_active_directory_role_based_access_control": [
              {
                "admin_group_object_ids": [
                  "22055417-80b7-444e-a3d2-c4c6e0dfe234"
                ],
                "azure_rbac_enabled": true,
                "tenant_id": "93139d1e-a3c1-4d78-9ed5-878be090eba4"
              }
            ],
            "azure_policy_enabled": true,
            "confidential_computing": [
              {
                "sgx_quote_helper_enabled": false
              }
            ],
            "cost_analysis_enabled": false,
            "current_kubernetes_version": "1.33.0",
            "default_node_pool": [
              {
                "auto_scaling_enabled": true,
                "capacity_reservation_group_id": "",
                "fips_enabled": false,
                "gpu_instance": "",
                "host_encryption_enabled": false,
                "host_group_id": "",
                "kubelet_config": [],
                "kubelet_disk_type": "OS",
                "linux_os_config": [],
                "max_count": 3,
                "max_pods": 110,
                "min_count": 1,
                "name": "systempool",
                "node_count": 3,
                "node_labels": {},
                "node_network_profile": [],
                "node_public_ip_enabled": false,
                "node_public_ip_prefix_id": "",
                "only_critical_addons_enabled": false,
                "orchestrator_version": "1.33.0",
                "os_disk_size_gb": 40,
                "os_disk_type": "Managed",
                "os_sku": "Ubuntu",
                "pod_subnet_id": "",
                "proximity_placement_group_id": "",
                "scale_down_mode": "Deallocate",
                "snapshot_id": "",
                "tags": {
                  "architecture": "Hub\u0026Spoke",
                  "environment": "development",
                  "source": "terraform"
                },
                "temporary_name_for_rotation": "syspooltmp",
                "type": "VirtualMachineScaleSets",
                "ultra_ssd_enabled": false,
                "upgrade_settings": [
                  {
                    "drain_timeout_in_minutes": 10,
                    "max_surge": "1",
                    "node_soak_duration_in_minutes": 0
                  }
                ],
                "vm_size": "Standard_D2s_v5",
                "vnet_subnet_id": "/subscriptions/dcef7009-6b94-4382-afdc-17eb160d709a/resourceGroups/rg-lzaks-spoke-aks/providers/Microsoft.Network/virtualNetworks/vnet-spoke-aks/subnets/snet-aks",
                "workload_runtime": "OCIContainer",
                "zones": [
                  "1",
                  "2",
                  "3"
                ]
              }
            ],
            "disk_encryption_set_id": "",
            "dns_prefix": "aks",
            "dns_prefix_private_cluster": "",
            "edge_zone": "",
            "fqdn": "aks-47wxm7c1.hcp.swedencentral.azmk8s.io",
            "http_application_routing_enabled": false,
            "http_application_routing_zone_name": "",
            "http_proxy_config": [],
            "id": "/subscriptions/dcef7009-6b94-4382-afdc-17eb160d709a/resourceGroups/rg-lzaks-spoke-aks/providers/Microsoft.ContainerService/managedClusters/aks-cluster",
            "identity": [
              {
                "identity_ids": [
                  "/subscriptions/dcef7009-6b94-4382-afdc-17eb160d709a/resourceGroups/rg-lzaks-spoke-aks/providers/Microsoft.ManagedIdentity/userAssignedIdentities/identity-aks"
                ],
                "principal_id": "",
                "tenant_id": "",
                "type": "UserAssigned"
              }
            ],
            "image_cleaner_enabled": true,
            "image_cleaner_interval_hours": 24,
            "ingress_application_gateway": [],
            "key_management_service": [],
            "key_vault_secrets_provider": [
              {
                "secret_identity": [
                  {
                    "client_id": "caed99d4-1969-4636-a17b-9cde7587a7bb",
                    "object_id": "16a543a7-485a-4c1c-a0cf-3ac3f0bc449b",
                    "user_assigned_identity_id": "/subscriptions/dcef7009-6b94-4382-afdc-17eb160d709a/resourcegroups/rg-lzaks-spoke-aks-nodes/providers/Microsoft.ManagedIdentity/userAssignedIdentities/azurekeyvaultsecretsprovider-aks-cluster"
                  }
                ],
                "secret_rotation_enabled": true,
                "secret_rotation_interval": "2m"
              }
            ],
            "kube_admin_config": [],
            "kube_admin_config_raw": "",
            "kube_config": [
              {
                "client_certificate": "",
                "client_key": "",
                "cluster_ca_certificate": "LS0tLS1CRUdJTiBDRVJUSUZJQ0FURS0tLS0tCk1JSUU2VENDQXRHZ0F3SUJBZ0lSQUorTmVXNGp2OGRqVHNmWXVoNkIwQVl3RFFZSktvWklodmNOQVFFTEJRQXcKRFRFTE1Ba0dBMVVFQXhNQ1kyRXdJQmNOTWpVd05URTVNVEkwT1RFeFdoZ1BNakExTlRBMU1Ua3hNalU1TVRGYQpNQTB4Q3pBSkJnTlZCQU1UQW1OaE1JSUNJakFOQmdrcWhraUc5dzBCQVFFRkFBT0NBZzhBTUlJQ0NnS0NBZ0VBCnEvVFdrL09vKzBlWkptdkpnNmtsUmN5ZE0vRDhhc3ZnMDVjemNia3VKb2t5NjJUeDA4U0FVVy9DSFFvQ1FKUGsKZGdpeHJjQTkxNUFKWnlJREs5QjQveFNVRmRSUGY2STZReDZpSUhLYmpOOVo4YnBTRTNWLzk2ZHpoZkhKVlQ0YgpXZXdOZkFEdnZrdjdhSHJISXFXK0pKLzlTQzd4RldkUFJPSnJyYVlreXFoaVNtNUlodUpQR1Y5YkFYejFkejkrCi94U1ZialBDQUNsdVpiejRCTk53YmZWR1Z3Uk1UbGtmTnh3YitkRC9LRFhDRXE5WlFDV1JOeWFWSUk3b0JDdEgKVXBtd1gxRUFVU1pVNHA0UFg4TVB6eE1DUmM4UG5OSG9RekNPUWQ5dlZuMll1QkZRSlp0ejdQNFZPTjJUYXM1ZgpzNGxQd3lnRjhJWTZCbXpZamRiNVU1Y0dEd3VBRmZUb0RaQXc1RXF0ejVXMTZqb05HSE82NDQrSXcreFhsbExJCkxPb251WWdmQkh3VFVzZlJpUDlNTCs0MjUrV01PclQyUWswT21HNkdaemVRSUhvSnVuUmFVdDRiNTFGSHBIUUoKZmg3anJkbXcxYnFEUFdDK00vcWozODgvME1VMkx2WmtKQ0xsMEdqbkZRSUNBeXFXOUhwZDZGOTMwSU9QRS9VaAo5UGQrVStpaXBnNHRaY3VyU3RtWEZlVlZvVTJQdnZnc1F6TGd0T21PcXEwa3MzZnlLTFJiYjRzcGhza1ErREtkCit3YVp6YkxSUjRrd3VNdGNCNjA1YlhEVnlQSFUyaUE2ZVJ6bVJRaXVtOEJXOG9IWmxuWVkva2lBR2VOU3R6NlEKZFNwUE0xYjdORGt1L1QwSERTbUdkQ2M0YnBwR3o2NVd0a0F1OFc0VXRlRUNBd0VBQWFOQ01FQXdEZ1lEVlIwUApBUUgvQkFRREFnS2tNQThHQTFVZEV3RUIvd1FGTUFNQkFmOHdIUVlEVlIwT0JCWUVGTUV2a04zRnJUT2hPY1pFCm1tRTBJQVhlL244UU1BMEdDU3FHU0liM0RRRUJDd1VBQTRJQ0FRQS9JTzdoWnhKSU5saFpwSWlUZWgzYWo2cUQKUW1zWnF0ZGJHSTQ4Ujl4OEZYRXFPTk9Fc3JlTmQ4OFVMNW5JVjAwRGdIQnJwM3dNbEJTcks0ZmpYUnl3RjJocAp0Mm5QR09XTVZkS2VxVUdvN21pcTl4ZE5VdWhqeUVYU0FGNGFmbVVHNmVycUhadWxMVkRHRmsvY3RGa1NpOWxRCjRXNG50R2MwcUdTTmI1d0JZYm56RWwvVFlOVjRFb0JyNXYwWUIwT2FhbmZDRkFZeVhFVGNTWmJ2OWtSOW9nUXYKZVdGdHRrTk8rY1R1V0R5NTJCRnRBWWR0NVd1NVFtZTlickFHbnQ0d29nVTgyZElKNTJZNTRLV05qODJZa0doUgo2aE9SaFhDaHFqL3VXWXVCN0lPTHhRNkR3U2JIUW5manVWWXpRRytaSWwyVFNGa1dRRWdjUGRBZmRycDJiMkhSCm92YzZLa2FmbXpOUU1XTFN4MFdnWnBxVVU0V3AwWU44cWVMTEJkMCtrNDQ2b05IYzE4MFlqWjJqTllERFZSNkcKSWx3UWxHVnBjMTZHaCtNWkZadG81Rk1icnhwNy9zc2tnaEtYTFZOYTl1bnBXWkNEV2YwNnA1S3l5U3FSMmtxbQpjRTQrVlI4QjFyRjM1NkNVOVNSUVBLOVE5emp0VFJrVWt0S1pWMjFiZHJXbWhReU5mMkxvMFJXWmtaSFBUa2txCjEvQURmUndRaUtqRndyWkw0Ty83T0hFNTgzelVobmFVUlAyOWg1Ym9SQXFKSUM0eVRXY0FNRjhXeVczV00wWmkKVTNoWlgzdDBoMzg2TmJodjJ1ejBxYnNEblNMWW9vd0d2dXFMcjQ2VTNvMnV1elA1VFg1QXdUZ0JBNFlhYk5QbQp4MEh3Ym81bjhLSWVMYnlmRFE9PQotLS0tLUVORCBDRVJUSUZJQ0FURS0tLS0tCg==",
                "host": "https://aks-47wxm7c1.hcp.swedencentral.azmk8s.io:443",
                "password": "",
                "username": "clusterUser_rg-lzaks-spoke-aks_aks-cluster"
              }
            ],
            "kube_config_raw": "apiVersion: v1\nclusters:\n- cluster:\n    certificate-authority-data: LS0tLS1CRUdJTiBDRVJUSUZJQ0FURS0tLS0tCk1JSUU2VENDQXRHZ0F3SUJBZ0lSQUorTmVXNGp2OGRqVHNmWXVoNkIwQVl3RFFZSktvWklodmNOQVFFTEJRQXcKRFRFTE1Ba0dBMVVFQXhNQ1kyRXdJQmNOTWpVd05URTVNVEkwT1RFeFdoZ1BNakExTlRBMU1Ua3hNalU1TVRGYQpNQTB4Q3pBSkJnTlZCQU1UQW1OaE1JSUNJakFOQmdrcWhraUc5dzBCQVFFRkFBT0NBZzhBTUlJQ0NnS0NBZ0VBCnEvVFdrL09vKzBlWkptdkpnNmtsUmN5ZE0vRDhhc3ZnMDVjemNia3VKb2t5NjJUeDA4U0FVVy9DSFFvQ1FKUGsKZGdpeHJjQTkxNUFKWnlJREs5QjQveFNVRmRSUGY2STZReDZpSUhLYmpOOVo4YnBTRTNWLzk2ZHpoZkhKVlQ0YgpXZXdOZkFEdnZrdjdhSHJISXFXK0pKLzlTQzd4RldkUFJPSnJyYVlreXFoaVNtNUlodUpQR1Y5YkFYejFkejkrCi94U1ZialBDQUNsdVpiejRCTk53YmZWR1Z3Uk1UbGtmTnh3YitkRC9LRFhDRXE5WlFDV1JOeWFWSUk3b0JDdEgKVXBtd1gxRUFVU1pVNHA0UFg4TVB6eE1DUmM4UG5OSG9RekNPUWQ5dlZuMll1QkZRSlp0ejdQNFZPTjJUYXM1ZgpzNGxQd3lnRjhJWTZCbXpZamRiNVU1Y0dEd3VBRmZUb0RaQXc1RXF0ejVXMTZqb05HSE82NDQrSXcreFhsbExJCkxPb251WWdmQkh3VFVzZlJpUDlNTCs0MjUrV01PclQyUWswT21HNkdaemVRSUhvSnVuUmFVdDRiNTFGSHBIUUoKZmg3anJkbXcxYnFEUFdDK00vcWozODgvME1VMkx2WmtKQ0xsMEdqbkZRSUNBeXFXOUhwZDZGOTMwSU9QRS9VaAo5UGQrVStpaXBnNHRaY3VyU3RtWEZlVlZvVTJQdnZnc1F6TGd0T21PcXEwa3MzZnlLTFJiYjRzcGhza1ErREtkCit3YVp6YkxSUjRrd3VNdGNCNjA1YlhEVnlQSFUyaUE2ZVJ6bVJRaXVtOEJXOG9IWmxuWVkva2lBR2VOU3R6NlEKZFNwUE0xYjdORGt1L1QwSERTbUdkQ2M0YnBwR3o2NVd0a0F1OFc0VXRlRUNBd0VBQWFOQ01FQXdEZ1lEVlIwUApBUUgvQkFRREFnS2tNQThHQTFVZEV3RUIvd1FGTUFNQkFmOHdIUVlEVlIwT0JCWUVGTUV2a04zRnJUT2hPY1pFCm1tRTBJQVhlL244UU1BMEdDU3FHU0liM0RRRUJDd1VBQTRJQ0FRQS9JTzdoWnhKSU5saFpwSWlUZWgzYWo2cUQKUW1zWnF0ZGJHSTQ4Ujl4OEZYRXFPTk9Fc3JlTmQ4OFVMNW5JVjAwRGdIQnJwM3dNbEJTcks0ZmpYUnl3RjJocAp0Mm5QR09XTVZkS2VxVUdvN21pcTl4ZE5VdWhqeUVYU0FGNGFmbVVHNmVycUhadWxMVkRHRmsvY3RGa1NpOWxRCjRXNG50R2MwcUdTTmI1d0JZYm56RWwvVFlOVjRFb0JyNXYwWUIwT2FhbmZDRkFZeVhFVGNTWmJ2OWtSOW9nUXYKZVdGdHRrTk8rY1R1V0R5NTJCRnRBWWR0NVd1NVFtZTlickFHbnQ0d29nVTgyZElKNTJZNTRLV05qODJZa0doUgo2aE9SaFhDaHFqL3VXWXVCN0lPTHhRNkR3U2JIUW5manVWWXpRRytaSWwyVFNGa1dRRWdjUGRBZmRycDJiMkhSCm92YzZLa2FmbXpOUU1XTFN4MFdnWnBxVVU0V3AwWU44cWVMTEJkMCtrNDQ2b05IYzE4MFlqWjJqTllERFZSNkcKSWx3UWxHVnBjMTZHaCtNWkZadG81Rk1icnhwNy9zc2tnaEtYTFZOYTl1bnBXWkNEV2YwNnA1S3l5U3FSMmtxbQpjRTQrVlI4QjFyRjM1NkNVOVNSUVBLOVE5emp0VFJrVWt0S1pWMjFiZHJXbWhReU5mMkxvMFJXWmtaSFBUa2txCjEvQURmUndRaUtqRndyWkw0Ty83T0hFNTgzelVobmFVUlAyOWg1Ym9SQXFKSUM0eVRXY0FNRjhXeVczV00wWmkKVTNoWlgzdDBoMzg2TmJodjJ1ejBxYnNEblNMWW9vd0d2dXFMcjQ2VTNvMnV1elA1VFg1QXdUZ0JBNFlhYk5QbQp4MEh3Ym81bjhLSWVMYnlmRFE9PQotLS0tLUVORCBDRVJUSUZJQ0FURS0tLS0tCg==\n    server: https://aks-47wxm7c1.hcp.swedencentral.azmk8s.io:443\n  name: aks-cluster\ncontexts:\n- context:\n    cluster: aks-cluster\n    user: clusterUser_rg-lzaks-spoke-aks_aks-cluster\n  name: aks-cluster\ncurrent-context: aks-cluster\nkind: Config\npreferences: {}\nusers:\n- name: clusterUser_rg-lzaks-spoke-aks_aks-cluster\n  user:\n    exec:\n      apiVersion: client.authentication.k8s.io/v1beta1\n      args:\n      - get-token\n      - --environment\n      - AzurePublicCloud\n      - --server-id\n      - 6dae42f8-4368-4678-94ff-3960e28e3630\n      - --client-id\n      - 80faf920-1908-4b52-b5ef-a8e7bedfc67a\n      - --tenant-id\n      - 93139d1e-a3c1-4d78-9ed5-878be090eba4\n      - --login\n      - devicecode\n      command: kubelogin\n      env: null\n      installHint: |2\n\n        kubelogin is not installed which is required to connect to AAD enabled cluster.\n\n        To learn more, please go to https://aka.ms/aks/kubelogin\n      provideClusterInfo: false\n",
            "kubelet_identity": [
              {
                "client_id": "4b6354a5-a056-49b4-b8a8-200811429563",
                "object_id": "42b3c6d2-e2d6-4e01-8371-65482a22ec42",
                "user_assigned_identity_id": "/subscriptions/dcef7009-6b94-4382-afdc-17eb160d709a/resourceGroups/rg-lzaks-spoke-aks/providers/Microsoft.ManagedIdentity/userAssignedIdentities/identity-kubelet"
              }
            ],
            "kubernetes_version": "1.33.0",
            "linux_profile": [],
            "local_account_disabled": true,
            "location": "swedencentral",
            "maintenance_window": [],
            "maintenance_window_auto_upgrade": [],
            "maintenance_window_node_os": [],
            "microsoft_defender": [],
            "monitor_metrics": [
              {
                "annotations_allowed": "",
                "labels_allowed": ""
              }
            ],
            "name": "aks-cluster",
            "network_profile": [
              {
                "dns_service_ip": "10.128.0.10",
                "ip_versions": [
                  "IPv4"
                ],
                "load_balancer_profile": [
                  {
                    "backend_pool_type": "NodeIPConfiguration",
                    "effective_outbound_ips": [],
                    "idle_timeout_in_minutes": 0,
                    "managed_outbound_ip_count": 0,
                    "managed_outbound_ipv6_count": 0,
                    "outbound_ip_address_ids": [],
                    "outbound_ip_prefix_ids": [],
                    "outbound_ports_allocated": 0
                  }
                ],
                "load_balancer_sku": "standard",
                "nat_gateway_profile": [],
                "network_data_plane": "cilium",
                "network_mode": "",
                "network_plugin": "azure",
                "network_plugin_mode": "overlay",
                "network_policy": "cilium",
                "outbound_type": "userDefinedRouting",
                "pod_cidr": "10.10.240.0/20",
                "pod_cidrs": [
                  "10.10.240.0/20"
                ],
                "service_cidr": "10.128.0.0/22",
                "service_cidrs": [
                  "10.128.0.0/22"
                ]
              }
            ],
            "node_os_upgrade_channel": "NodeImage",
            "node_resource_group": "rg-lzaks-spoke-aks-nodes",
            "node_resource_group_id": "/subscriptions/dcef7009-6b94-4382-afdc-17eb160d709a/resourceGroups/rg-lzaks-spoke-aks-nodes",
            "oidc_issuer_enabled": true,
            "oidc_issuer_url": "https://swedencentral.oic.prod-aks.azure.com/93139d1e-a3c1-4d78-9ed5-878be090eba4/0aab4dad-af92-4eae-bd0a-d971436c8d2d/",
            "oms_agent": [],
            "open_service_mesh_enabled": true,
            "portal_fqdn": "aks-47wxm7c1.portal.hcp.swedencentral.azmk8s.io",
            "private_cluster_enabled": false,
            "private_cluster_public_fqdn_enabled": false,
            "private_dns_zone_id": "",
            "private_fqdn": "",
            "resource_group_name": "rg-lzaks-spoke-aks",
            "role_based_access_control_enabled": true,
            "run_command_enabled": true,
            "service_mesh_profile": [],
            "service_principal": [],
            "sku_tier": "Free",
            "storage_profile": [
              {
                "blob_driver_enabled": true,
                "disk_driver_enabled": true,
                "file_driver_enabled": true,
                "snapshot_controller_enabled": true
              }
            ],
            "support_plan": "KubernetesOfficial",
            "tags": {
              "architecture": "Hub\u0026Spoke",
              "environment": "development",
              "source": "terraform"
            },
            "timeouts": null,
            "upgrade_override": [],
            "web_app_routing": [
              {
                "dns_zone_ids": [],
                "web_app_routing_identity": [
                  {
                    "client_id": "7bed3b0e-4e73-4e30-ad4a-580fedbd3892",
                    "object_id": "e8727b95-6664-4829-b6cc-9585a5603e51",
                    "user_assigned_identity_id": "/subscriptions/dcef7009-6b94-4382-afdc-17eb160d709a/resourcegroups/rg-lzaks-spoke-aks-nodes/providers/Microsoft.ManagedIdentity/userAssignedIdentities/webapprouting-aks-cluster"
                  }
                ]
              }
            ],
            "windows_profile": [
              {
                "admin_password": "",
                "admin_username": "azureuser",
                "gmsa": [],
                "license": ""
              }
            ],
            "workload_autoscaler_profile": [
              {
                "keda_enabled": false,
                "vertical_pod_autoscaler_enabled": true
              }
            ],
            "workload_identity_enabled": true
          },
          "sensitive_attributes": [
            [
              {
                "type": "get_attr",
                "value": "kube_admin_config"
              }
            ],
            [
              {
                "type": "get_attr",
                "value": "kube_admin_config_raw"
              }
            ],
            [
              {
                "type": "get_attr",
                "value": "kube_config"
              }
            ],
            [
              {
                "type": "get_attr",
                "value": "kube_config_raw"
              }
            ],
            [
              {
                "type": "get_attr",
                "value": "windows_profile"
              },
              {
                "type": "index",
                "value": {
                  "value": 0,
                  "type": "number"
                }
              },
              {
                "type": "get_attr",
                "value": "admin_password"
              }
            ]
          ],
          "identity_schema_version": 0,
          "private": "eyJlMmJmYjczMC1lY2FhLTExZTYtOGY4OC0zNDM2M2JjN2M0YzAiOnsiY3JlYXRlIjo1NDAwMDAwMDAwMDAwLCJkZWxldGUiOjU0MDAwMDAwMDAwMDAsInJlYWQiOjMwMDAwMDAwMDAwMCwidXBkYXRlIjo1NDAwMDAwMDAwMDAwfSwic2NoZW1hX3ZlcnNpb24iOiIyIn0=",
          "dependencies": [
            "azuread_group.aks_admins",
            "azurerm_application_gateway.appgw",
            "azurerm_public_ip.appgw_pip",
            "azurerm_resource_group.rg",
            "azurerm_route_table.route_table_to_firewall",
            "azurerm_subnet.snet_aks",
            "azurerm_subnet.snet_appgw",
            "azurerm_subnet_route_table_association.association_rt_subnet_aks",
            "azurerm_user_assigned_identity.identity-kubelet",
            "azurerm_user_assigned_identity.identity_aks",
            "azurerm_virtual_network.vnet_spoke_aks",
            "data.azuread_client_config.current",
            "data.azurerm_subscription.subscription_spoke",
            "data.terraform_remote_state.hub"
          ]
        }
      ]
    },
    {
      "mode": "managed",
      "type": "azurerm_kubernetes_cluster_node_pool",
      "name": "poolapps",
      "provider": "provider[\"registry.terraform.io/hashicorp/azurerm\"]",
      "instances": [
        {
          "index_key": "poolappsamd",
          "schema_version": 1,
          "attributes": {
            "auto_scaling_enabled": true,
            "capacity_reservation_group_id": "",
            "eviction_policy": "",
            "fips_enabled": false,
            "gpu_instance": null,
            "host_encryption_enabled": false,
            "host_group_id": "",
            "id": "/subscriptions/dcef7009-6b94-4382-afdc-17eb160d709a/resourceGroups/rg-lzaks-spoke-aks/providers/Microsoft.ContainerService/managedClusters/aks-cluster/agentPools/poolappsamd",
            "kubelet_config": [],
            "kubelet_disk_type": "OS",
            "kubernetes_cluster_id": "/subscriptions/dcef7009-6b94-4382-afdc-17eb160d709a/resourceGroups/rg-lzaks-spoke-aks/providers/Microsoft.ContainerService/managedClusters/aks-cluster",
            "linux_os_config": [],
            "max_count": 3,
            "max_pods": 250,
            "min_count": 1,
            "mode": "User",
            "name": "poolappsamd",
            "node_count": 2,
            "node_labels": {},
            "node_network_profile": [],
            "node_public_ip_enabled": false,
            "node_public_ip_prefix_id": "",
            "node_taints": [],
            "orchestrator_version": "1.33.0",
            "os_disk_size_gb": 60,
            "os_disk_type": "Managed",
            "os_sku": "Ubuntu",
            "os_type": "Linux",
            "pod_subnet_id": "",
            "priority": "Regular",
            "proximity_placement_group_id": "",
            "scale_down_mode": "Delete",
            "snapshot_id": null,
            "spot_max_price": -1,
            "tags": {
              "architecture": "Hub\u0026Spoke",
              "environment": "development",
              "source": "terraform"
            },
            "temporary_name_for_rotation": null,
            "timeouts": null,
            "ultra_ssd_enabled": false,
            "upgrade_settings": [
              {
                "drain_timeout_in_minutes": 0,
                "max_surge": "3",
                "node_soak_duration_in_minutes": 0
              }
            ],
            "vm_size": "Standard_D2s_v5",
            "vnet_subnet_id": "/subscriptions/dcef7009-6b94-4382-afdc-17eb160d709a/resourceGroups/rg-lzaks-spoke-aks/providers/Microsoft.Network/virtualNetworks/vnet-spoke-aks/subnets/snet-aks",
            "windows_profile": [],
            "workload_runtime": "OCIContainer",
            "zones": [
              "1",
              "2",
              "3"
            ]
          },
          "sensitive_attributes": [],
          "identity_schema_version": 0,
          "private": "eyJlMmJmYjczMC1lY2FhLTExZTYtOGY4OC0zNDM2M2JjN2M0YzAiOnsiY3JlYXRlIjozNjAwMDAwMDAwMDAwLCJkZWxldGUiOjM2MDAwMDAwMDAwMDAsInJlYWQiOjMwMDAwMDAwMDAwMCwidXBkYXRlIjozNjAwMDAwMDAwMDAwfSwic2NoZW1hX3ZlcnNpb24iOiIxIn0=",
          "dependencies": [
            "azuread_group.aks_admins",
            "azurerm_application_gateway.appgw",
            "azurerm_kubernetes_cluster.aks",
            "azurerm_public_ip.appgw_pip",
            "azurerm_resource_group.rg",
            "azurerm_route_table.route_table_to_firewall",
            "azurerm_subnet.snet_aks",
            "azurerm_subnet.snet_appgw",
            "azurerm_subnet_route_table_association.association_rt_subnet_aks",
            "azurerm_user_assigned_identity.identity-kubelet",
            "azurerm_user_assigned_identity.identity_aks",
            "azurerm_virtual_network.vnet_spoke_aks",
            "data.azuread_client_config.current",
            "data.azurerm_subscription.subscription_spoke",
            "data.terraform_remote_state.hub"
          ]
        }
      ]
    },
    {
      "mode": "managed",
      "type": "azurerm_resource_group",
      "name": "rg",
      "provider": "provider[\"registry.terraform.io/hashicorp/azurerm\"]",
      "instances": [
        {
          "schema_version": 0,
          "attributes": {
            "id": "/subscriptions/dcef7009-6b94-4382-afdc-17eb160d709a/resourceGroups/rg-lzaks-spoke-aks",
            "location": "swedencentral",
            "managed_by": "",
            "name": "rg-lzaks-spoke-aks",
            "tags": {
              "architecture": "Hub\u0026Spoke",
              "environment": "development",
              "source": "terraform"
            },
            "timeouts": null
          },
          "sensitive_attributes": [],
          "identity_schema_version": 0,
          "private": "eyJlMmJmYjczMC1lY2FhLTExZTYtOGY4OC0zNDM2M2JjN2M0YzAiOnsiY3JlYXRlIjo1NDAwMDAwMDAwMDAwLCJkZWxldGUiOjU0MDAwMDAwMDAwMDAsInJlYWQiOjMwMDAwMDAwMDAwMCwidXBkYXRlIjo1NDAwMDAwMDAwMDAwfX0=",
          "create_before_destroy": true
        }
      ]
    },
    {
      "mode": "managed",
      "type": "azurerm_route_table",
      "name": "route_table_to_firewall",
      "provider": "provider[\"registry.terraform.io/hashicorp/azurerm\"]",
      "instances": [
        {
          "schema_version": 0,
          "attributes": {
            "bgp_route_propagation_enabled": true,
            "id": "/subscriptions/dcef7009-6b94-4382-afdc-17eb160d709a/resourceGroups/rg-lzaks-spoke-aks/providers/Microsoft.Network/routeTables/route-table-to-firewall",
            "location": "swedencentral",
            "name": "route-table-to-firewall",
            "resource_group_name": "rg-lzaks-spoke-aks",
            "route": [],
            "subnets": [
              "/subscriptions/dcef7009-6b94-4382-afdc-17eb160d709a/resourceGroups/rg-lzaks-spoke-aks/providers/Microsoft.Network/virtualNetworks/vnet-spoke-aks/subnets/snet-aks"
            ],
            "tags": {
              "architecture": "Hub\u0026Spoke",
              "environment": "development",
              "source": "terraform"
            },
            "timeouts": null
          },
          "sensitive_attributes": [],
          "identity_schema_version": 0,
          "private": "eyJlMmJmYjczMC1lY2FhLTExZTYtOGY4OC0zNDM2M2JjN2M0YzAiOnsiY3JlYXRlIjoxODAwMDAwMDAwMDAwLCJkZWxldGUiOjE4MDAwMDAwMDAwMDAsInJlYWQiOjMwMDAwMDAwMDAwMCwidXBkYXRlIjoxODAwMDAwMDAwMDAwfX0=",
          "dependencies": [
            "azurerm_resource_group.rg"
          ]
        }
      ]
    },
    {
      "mode": "managed",
      "type": "azurerm_subnet",
      "name": "snet_aks",
      "provider": "provider[\"registry.terraform.io/hashicorp/azurerm\"]",
      "instances": [
        {
          "schema_version": 0,
          "attributes": {
            "address_prefixes": [
              "10.1.4.0/22"
            ],
            "default_outbound_access_enabled": true,
            "delegation": [],
            "id": "/subscriptions/dcef7009-6b94-4382-afdc-17eb160d709a/resourceGroups/rg-lzaks-spoke-aks/providers/Microsoft.Network/virtualNetworks/vnet-spoke-aks/subnets/snet-aks",
            "name": "snet-aks",
            "private_endpoint_network_policies": "Disabled",
            "private_link_service_network_policies_enabled": true,
            "resource_group_name": "rg-lzaks-spoke-aks",
            "service_endpoint_policy_ids": [],
            "service_endpoints": [],
            "timeouts": null,
            "virtual_network_name": "vnet-spoke-aks"
          },
          "sensitive_attributes": [],
          "identity_schema_version": 0,
          "private": "eyJlMmJmYjczMC1lY2FhLTExZTYtOGY4OC0zNDM2M2JjN2M0YzAiOnsiY3JlYXRlIjoxODAwMDAwMDAwMDAwLCJkZWxldGUiOjE4MDAwMDAwMDAwMDAsInJlYWQiOjMwMDAwMDAwMDAwMCwidXBkYXRlIjoxODAwMDAwMDAwMDAwfX0=",
          "dependencies": [
            "azurerm_resource_group.rg",
            "azurerm_virtual_network.vnet_spoke_aks",
            "data.terraform_remote_state.hub"
          ]
        }
      ]
    },
    {
      "mode": "managed",
      "type": "azurerm_subnet_route_table_association",
      "name": "association_rt_subnet_aks",
      "provider": "provider[\"registry.terraform.io/hashicorp/azurerm\"]",
      "instances": [
        {
          "schema_version": 0,
          "attributes": {
            "id": "/subscriptions/dcef7009-6b94-4382-afdc-17eb160d709a/resourceGroups/rg-lzaks-spoke-aks/providers/Microsoft.Network/virtualNetworks/vnet-spoke-aks/subnets/snet-aks",
            "route_table_id": "/subscriptions/dcef7009-6b94-4382-afdc-17eb160d709a/resourceGroups/rg-lzaks-spoke-aks/providers/Microsoft.Network/routeTables/route-table-to-firewall",
            "subnet_id": "/subscriptions/dcef7009-6b94-4382-afdc-17eb160d709a/resourceGroups/rg-lzaks-spoke-aks/providers/Microsoft.Network/virtualNetworks/vnet-spoke-aks/subnets/snet-aks",
            "timeouts": null
          },
          "sensitive_attributes": [],
          "identity_schema_version": 0,
          "private": "eyJlMmJmYjczMC1lY2FhLTExZTYtOGY4OC0zNDM2M2JjN2M0YzAiOnsiY3JlYXRlIjoxODAwMDAwMDAwMDAwLCJkZWxldGUiOjE4MDAwMDAwMDAwMDAsInJlYWQiOjMwMDAwMDAwMDAwMH19",
          "dependencies": [
            "azurerm_resource_group.rg",
            "azurerm_route_table.route_table_to_firewall",
            "azurerm_subnet.snet_aks",
            "azurerm_virtual_network.vnet_spoke_aks",
            "data.terraform_remote_state.hub"
          ]
        }
      ]
    },
    {
      "mode": "managed",
      "type": "azurerm_user_assigned_identity",
      "name": "identity-kubelet",
      "provider": "provider[\"registry.terraform.io/hashicorp/azurerm\"]",
      "instances": [
        {
          "schema_version": 1,
          "attributes": {
            "client_id": "4b6354a5-a056-49b4-b8a8-200811429563",
            "id": "/subscriptions/dcef7009-6b94-4382-afdc-17eb160d709a/resourceGroups/rg-lzaks-spoke-aks/providers/Microsoft.ManagedIdentity/userAssignedIdentities/identity-kubelet",
            "location": "swedencentral",
            "name": "identity-kubelet",
            "principal_id": "42b3c6d2-e2d6-4e01-8371-65482a22ec42",
            "resource_group_name": "rg-lzaks-spoke-aks",
            "tags": {
              "architecture": "Hub\u0026Spoke",
              "environment": "development",
              "source": "terraform"
            },
            "tenant_id": "93139d1e-a3c1-4d78-9ed5-878be090eba4",
            "timeouts": null
          },
          "sensitive_attributes": [],
          "identity_schema_version": 0,
          "private": "eyJlMmJmYjczMC1lY2FhLTExZTYtOGY4OC0zNDM2M2JjN2M0YzAiOnsiY3JlYXRlIjoxODAwMDAwMDAwMDAwLCJkZWxldGUiOjE4MDAwMDAwMDAwMDAsInJlYWQiOjMwMDAwMDAwMDAwMCwidXBkYXRlIjoxODAwMDAwMDAwMDAwfSwic2NoZW1hX3ZlcnNpb24iOiIxIn0=",
          "dependencies": [
            "azurerm_resource_group.rg"
          ]
        }
      ]
    },
    {
      "mode": "managed",
      "type": "azurerm_user_assigned_identity",
      "name": "identity_aks",
      "provider": "provider[\"registry.terraform.io/hashicorp/azurerm\"]",
      "instances": [
        {
          "schema_version": 1,
          "attributes": {
            "client_id": "e559f12b-c4d6-4790-a751-cc9575cdb44a",
            "id": "/subscriptions/dcef7009-6b94-4382-afdc-17eb160d709a/resourceGroups/rg-lzaks-spoke-aks/providers/Microsoft.ManagedIdentity/userAssignedIdentities/identity-aks",
            "location": "swedencentral",
            "name": "identity-aks",
            "principal_id": "577c260d-2cd9-4e99-9318-ecbb577e2816",
            "resource_group_name": "rg-lzaks-spoke-aks",
            "tags": {
              "architecture": "Hub\u0026Spoke",
              "environment": "development",
              "source": "terraform"
            },
            "tenant_id": "93139d1e-a3c1-4d78-9ed5-878be090eba4",
            "timeouts": null
          },
          "sensitive_attributes": [],
          "identity_schema_version": 0,
          "private": "eyJlMmJmYjczMC1lY2FhLTExZTYtOGY4OC0zNDM2M2JjN2M0YzAiOnsiY3JlYXRlIjoxODAwMDAwMDAwMDAwLCJkZWxldGUiOjE4MDAwMDAwMDAwMDAsInJlYWQiOjMwMDAwMDAwMDAwMCwidXBkYXRlIjoxODAwMDAwMDAwMDAwfSwic2NoZW1hX3ZlcnNpb24iOiIxIn0=",
          "dependencies": [
            "azurerm_resource_group.rg"
          ]
        }
      ]
    },
    {
      "mode": "managed",
      "type": "azurerm_virtual_network",
      "name": "vnet_spoke_aks",
      "provider": "provider[\"registry.terraform.io/hashicorp/azurerm\"]",
      "instances": [
        {
          "schema_version": 0,
          "attributes": {
            "address_space": [
              "10.1.0.0/16"
            ],
            "bgp_community": "",
            "ddos_protection_plan": [],
            "dns_servers": [
              "172.16.0.4"
            ],
            "edge_zone": "",
            "encryption": [],
            "flow_timeout_in_minutes": 0,
            "guid": "9c74bb14-7a27-4d7d-b90c-14e9e5bd9b20",
            "id": "/subscriptions/dcef7009-6b94-4382-afdc-17eb160d709a/resourceGroups/rg-lzaks-spoke-aks/providers/Microsoft.Network/virtualNetworks/vnet-spoke-aks",
            "location": "swedencentral",
            "name": "vnet-spoke-aks",
            "private_endpoint_vnet_policies": "Disabled",
            "resource_group_name": "rg-lzaks-spoke-aks",
            "subnet": [
              {
                "address_prefixes": [
                  "10.1.4.0/22"
                ],
                "default_outbound_access_enabled": true,
                "delegation": [],
                "id": "/subscriptions/dcef7009-6b94-4382-afdc-17eb160d709a/resourceGroups/rg-lzaks-spoke-aks/providers/Microsoft.Network/virtualNetworks/vnet-spoke-aks/subnets/snet-aks",
                "name": "snet-aks",
                "private_endpoint_network_policies": "Disabled",
                "private_link_service_network_policies_enabled": true,
                "route_table_id": "/subscriptions/dcef7009-6b94-4382-afdc-17eb160d709a/resourceGroups/rg-lzaks-spoke-aks/providers/Microsoft.Network/routeTables/route-table-to-firewall",
                "security_group": "",
                "service_endpoint_policy_ids": [],
                "service_endpoints": []
              }
            ],
            "tags": {
              "architecture": "Hub\u0026Spoke",
              "environment": "development",
              "source": "terraform"
            },
            "timeouts": null
          },
          "sensitive_attributes": [],
          "identity_schema_version": 0,
          "private": "eyJlMmJmYjczMC1lY2FhLTExZTYtOGY4OC0zNDM2M2JjN2M0YzAiOnsiY3JlYXRlIjoxODAwMDAwMDAwMDAwLCJkZWxldGUiOjE4MDAwMDAwMDAwMDAsInJlYWQiOjMwMDAwMDAwMDAwMCwidXBkYXRlIjoxODAwMDAwMDAwMDAwfX0=",
          "dependencies": [
            "azurerm_resource_group.rg",
            "data.terraform_remote_state.hub"
          ],
          "create_before_destroy": true
        }
      ]
    }
  ],
  "check_results": null
}
