{
  "version": 4,
  "terraform_version": "1.2.8",
  "serial": 547,
  "lineage": "6d497197-de1c-65be-a8b2-84709ac3374a",
  "outputs": {
    "aks_private_zone_id": {
      "value": "/subscriptions/1ee6a30c-7308-4dc8-babf-6b6bd7839bf8/resourceGroups/rg-aks-cluster/providers/Microsoft.Network/privateDnsZones/privatelink.westeurope.azmk8s.io",
      "type": "string"
    },
    "aks_private_zone_name": {
      "value": "privatelink.westeurope.azmk8s.io",
      "type": "string"
    },
    "application_ip_address": {
      "value": "Application Gateway is disabled",
      "type": "string"
    },
    "kube_config": {
      "value": "apiVersion: v1\nclusters:\n- cluster:\n    certificate-authority-data: LS0tLS1CRUdJTiBDRVJUSUZJQ0FURS0tLS0tCk1JSUU2RENDQXRDZ0F3SUJBZ0lRUkZMT2pib0Q5SVFsa0FWckZ0R1VyREFOQmdrcWhraUc5dzBCQVFzRkFEQU4KTVFzd0NRWURWUVFERXdKallUQWdGdzB5TWpBNU1qY3hOREl5TXpSYUdBOHlNRFV5TURreU56RTBNekl6TkZvdwpEVEVMTUFrR0ExVUVBeE1DWTJFd2dnSWlNQTBHQ1NxR1NJYjNEUUVCQVFVQUE0SUNEd0F3Z2dJS0FvSUNBUURICmJuUW51WmVvdkJLa0paMFc4WXl2aXNYazFKYVcxTFo2SlVXYmk2VFVhNWhxYnhUcThONVB4MlFVRU42ajh2OXcKZUgyTGtnbmx1ZEFvcVhYR0l4Ym40OHd1L3gyNFA3YkRlWG5EVHl0QnRDblFJRW51dWlyQzVmNW5LVmt1cnBaegpVbzBXT25YeUlmK24wRkU5Y3h1Vms1TTVCeFBmM3dEUFY2cTFuWVlDZWxEVTdFVnFVSUdXSzdkQ0VDa29BVFEzCnF3NGhwcGw4b1RWU01odDM2MnE5YUJZR2gxakxPS0U1ZjB4clVoY3pmY3hlaDk2d3AwN1ZFd1NyQTFPbXhNL1cKNUtobXdJcmlTVW5sblJVVjF0Ymg2WFpIYUZKanh1Zm5hSTVhUjR5NEd5eHJVYmRCN2daaHhkbGtwdVJXcUlTbQpFYjF4NlcwaEo5K28zNkpwQXNpRGRJcDlMakc4NUIxd3RlczlaZlpvTmlzdzFuZzNlWC8yc0M0SmlLVSsxcG5qCnY1bXFoVERLYnBqT1B4OExPUWlpODlvOHlnYS90MG5BeVhibXR1MVI3NTBFbnFKQTY1TGVRdXdzclRwWG5QVm4KTjc3RXV3eHhwRXZHNXN3dXptWXRhOXhxWXEvUytoQkVMQVVqNzRwYUpONTFmUDdJckZGVS9BTDlmV0hoQW5PRQo2ckZvbGR5SnJQMjk1YWtvUXpPay9BQW14STRoU050czVxS3R0dlNNNys4VTduYWlFOWkvbzlTaHYyZ0V3S214CnFHY1grYzM4YlpBOGhDd3hoLzV4MVpidEwyYkVDNVNXam9CWDBsQTYxcDBuV082VEdHQWI4K1Q2a2xaNU1NYjYKSHdmWGlzUjgxM0tTWWZUYk53bWdaQUlIazh4alRGK2wxSDlFL1grRlZ3SURBUUFCbzBJd1FEQU9CZ05WSFE4QgpBZjhFQkFNQ0FxUXdEd1lEVlIwVEFRSC9CQVV3QXdFQi96QWRCZ05WSFE0RUZnUVV2c0VFSG1pYTUwblp6eHArCitEMGtFOFk2ejlZd0RRWUpLb1pJaHZjTkFRRUxCUUFEZ2dJQkFKTW5DOWdBUGJReUNEZ0JZMlFwOU51WnFOQUgKeVduYWRiaG5GM09ocEJUUUMvUFY2blRYZ1p4UytBK1hYRXZjMGVzakk5eGlIYjNVREFlUmFmTnVIUlVIdzU2SQpndFlidjgxODJPZExvZldnRG5rVHpjTk9PSzVRRFV5UjJuajJlaFp6bm4vdzdMQXNTOEtlRG1oYVY4aWR4S0ZvCnY5Ym50czhVSVlaTlZrTFJ3YWgwNHVPWDhONXpISzJ1L0ovTkRYKzNDRStyMUdYTTV2V3hVZHBoT3ROOWhCQjgKNXVvNDltTm1vNTlWVS9hS1VwTFdwOURxR0xvWXpGeW1jdHhmVFBZeFRPOERSb0RCc3RqMDRORDhaQWcvWVhscQpPZWxka2htQ3JnZjFZUFgxS2ZjT3diQ2JzN3VKb2RYV0NranRGK2NXdkdvQ0s1bXlDYzBNcUx2aVZaellIYUdCCjRSUk5SV3FBdmdwSDBOYWF6V25Za1Z2cjNTa2cvL0hTUW9JNFhkbzBRdzh3TloxMUdtRmlZV3hCSDFEb2U1czcKMFZBV3J2amJ6R1lpb0lEMzFTN0EyVXh3VGFkSGtiTXJ4ZHE3Y0hTWFVFbFltWEhWNHZpMGgxUW1ONEgrdGNxVgo5MHBQV0lSNnoxZms0c1JyUzdwU1F2bWx2WENMQjFrTS83Zk9mMmJOK0FRRUxDQjVWRGNCVFhOODlqd2J4YUQ4ClAybG5Ka0EyZGMzakFjSXRNVlhqbEYxbGtPakRNSnVpc3ZWRGxxMjAwKy93dURDYTE5UjNSd21kQmlpT1Jxb0YKSStwaEtlWWVRNTlxUU5LQmF0bG9tRjZ2VmNVWk80RUdBdXhwdXBZRVhkY3JSaWRSNFU3dzJrQVpzM1N6MFFTRgo5S1NLd0oyYWVYOGFNbmtmCi0tLS0tRU5EIENFUlRJRklDQVRFLS0tLS0K\n    server: https://aks-df2f611a.privatelink.westeurope.azmk8s.io:443\n  name: aks-cluster\ncontexts:\n- context:\n    cluster: aks-cluster\n    user: clusterUser_rg-aks-cluster_aks-cluster\n  name: aks-cluster\ncurrent-context: aks-cluster\nkind: Config\npreferences: {}\nusers:\n- name: clusterUser_rg-aks-cluster_aks-cluster\n  user:\n    exec:\n      apiVersion: client.authentication.k8s.io/v1beta1\n      args:\n      - get-token\n      - --environment\n      - AzurePublicCloud\n      - --server-id\n      - 6dae42f8-4368-4678-94ff-3960e28e3630\n      - --client-id\n      - 80faf920-1908-4b52-b5ef-a8e7bedfc67a\n      - --tenant-id\n      - 558506eb-9459-4ef3-b920-ad55c555e729\n      - --login\n      - devicecode\n      command: kubelogin\n      env: null\n      provideClusterInfo: false\n",
      "type": "string",
      "sensitive": true
    },
    "resource_group_name": {
      "value": "rg-aks-cluster",
      "type": "string"
    }
  },
  "resources": [
    {
      "mode": "data",
      "type": "azuread_client_config",
      "name": "current",
      "provider": "provider[\"registry.terraform.io/hashicorp/azuread\"]",
      "instances": [
        {
          "schema_version": 0,
          "attributes": {
            "client_id": "04b07795-8ddb-461a-bbee-02f9e1bf7b46",
            "id": "558506eb-9459-4ef3-b920-ad55c555e729-04b07795-8ddb-461a-bbee-02f9e1bf7b46-f97fc9ba-ebda-439e-825a-0e25801cb32c",
            "object_id": "f97fc9ba-ebda-439e-825a-0e25801cb32c",
            "tenant_id": "558506eb-9459-4ef3-b920-ad55c555e729",
            "timeouts": null
          },
          "sensitive_attributes": []
        }
      ]
    },
    {
      "mode": "data",
      "type": "azuread_service_principal",
      "name": "aks_aad_server",
      "provider": "provider[\"registry.terraform.io/hashicorp/azuread\"]",
      "instances": [
        {
          "schema_version": 0,
          "attributes": {
            "account_enabled": true,
            "alternative_names": [],
            "app_role_assignment_required": false,
            "app_role_ids": {},
            "app_roles": [],
            "application_id": "6dae42f8-4368-4678-94ff-3960e28e3630",
            "application_tenant_id": "f8cdef31-a31e-4b4a-93e4-5f571e91255a",
            "description": "",
            "display_name": "Azure Kubernetes Service AAD Server",
            "feature_tags": [
              {
                "custom_single_sign_on": false,
                "enterprise": false,
                "gallery": false,
                "hide": false
              }
            ],
            "features": [
              {
                "custom_single_sign_on_app": false,
                "enterprise_application": false,
                "gallery_application": false,
                "visible_to_users": true
              }
            ],
            "homepage_url": "",
            "id": "5dc776ad-9525-4afd-ad24-334e21ad710e",
            "login_url": "",
            "logout_url": "",
            "notes": "",
            "notification_email_addresses": [],
            "oauth2_permission_scope_ids": {
              "user.read": "34a47c2f-cd0d-47b4-a93c-2c41130c671c"
            },
            "oauth2_permission_scopes": [
              {
                "admin_consent_description": "this allows to read user profile",
                "admin_consent_display_name": "user.read",
                "enabled": true,
                "id": "34a47c2f-cd0d-47b4-a93c-2c41130c671c",
                "type": "User",
                "user_consent_description": "this allows to read user profile",
                "user_consent_display_name": "user.read",
                "value": "user.read"
              }
            ],
            "object_id": "5dc776ad-9525-4afd-ad24-334e21ad710e",
            "preferred_single_sign_on_mode": "",
            "redirect_uris": [],
            "saml_metadata_url": "",
            "saml_single_sign_on": [],
            "service_principal_names": [
              "https://aks-aad-server.azure.com"
            ],
            "sign_in_audience": "AzureADMultipleOrgs",
            "tags": [],
            "timeouts": null,
            "type": "Application"
          },
          "sensitive_attributes": []
        }
      ]
    },
    {
      "mode": "data",
      "type": "azurerm_client_config",
      "name": "current",
      "provider": "provider[\"registry.terraform.io/hashicorp/azurerm\"]",
      "instances": [
        {
          "schema_version": 0,
          "attributes": {
            "client_id": "04b07795-8ddb-461a-bbee-02f9e1bf7b46",
            "id": "2022-09-27 15:22:26.7820212 +0000 UTC",
            "object_id": "f97fc9ba-ebda-439e-825a-0e25801cb32c",
            "subscription_id": "1ee6a30c-7308-4dc8-babf-6b6bd7839bf8",
            "tenant_id": "558506eb-9459-4ef3-b920-ad55c555e729",
            "timeouts": null
          },
          "sensitive_attributes": []
        }
      ]
    },
    {
      "mode": "data",
      "type": "azurerm_kubernetes_service_versions",
      "name": "current",
      "provider": "provider[\"registry.terraform.io/hashicorp/azurerm\"]",
      "instances": [
        {
          "schema_version": 0,
          "attributes": {
            "id": "/subscriptions/1ee6a30c-7308-4dc8-babf-6b6bd7839bf8/providers/Microsoft.ContainerService/locations/westeurope/orchestrators",
            "include_preview": true,
            "latest_version": "1.24.3",
            "location": "westeurope",
            "timeouts": null,
            "version_prefix": null,
            "versions": [
              "1.22.6",
              "1.22.11",
              "1.23.5",
              "1.23.8",
              "1.24.0",
              "1.24.3"
            ]
          },
          "sensitive_attributes": []
        }
      ]
    },
    {
      "mode": "data",
      "type": "azurerm_subscription",
      "name": "current",
      "provider": "provider[\"registry.terraform.io/hashicorp/azurerm\"]",
      "instances": [
        {
          "schema_version": 0,
          "attributes": {
            "display_name": "Microsoft-Azure-2",
            "id": "/subscriptions/1ee6a30c-7308-4dc8-babf-6b6bd7839bf8",
            "location_placement_id": "Public_2014-09-01",
            "quota_id": "MSDN_2014-09-01",
            "spending_limit": "On",
            "state": "Enabled",
            "subscription_id": "1ee6a30c-7308-4dc8-babf-6b6bd7839bf8",
            "tags": {},
            "tenant_id": "558506eb-9459-4ef3-b920-ad55c555e729",
            "timeouts": null
          },
          "sensitive_attributes": []
        }
      ]
    },
    {
      "mode": "data",
      "type": "azurerm_virtual_network",
      "name": "vnet_vm_jumpbox",
      "provider": "provider[\"registry.terraform.io/hashicorp/azurerm\"].ms-internal",
      "instances": [
        {
          "index_key": 0,
          "schema_version": 0,
          "attributes": {
            "address_space": [
              "172.16.0.0/16"
            ],
            "dns_servers": [],
            "guid": "74c79491-f1f3-4051-9f26-408d224d11c3",
            "id": "/subscriptions/4b72ed90-7ca3-4e76-8d0f-31a2c0bee7a3/resourceGroups/rg-vm-devbox/providers/Microsoft.Network/virtualNetworks/rg-vm-devbox-vnet",
            "location": "westeurope",
            "name": "rg-vm-devbox-vnet",
            "resource_group_name": "rg-vm-devbox",
            "subnets": [
              "default",
              "AzureBastionSubnet"
            ],
            "tags": {},
            "timeouts": null,
            "vnet_peerings": {
              "peering_vnet_vm_jumpbox_vnet_aks": "/subscriptions/1ee6a30c-7308-4dc8-babf-6b6bd7839bf8/resourceGroups/rg-aks-cluster/providers/Microsoft.Network/virtualNetworks/vnet-spoke-aks"
            },
            "vnet_peerings_addresses": [
              "10.0.0.0/8"
            ]
          },
          "sensitive_attributes": []
        }
      ]
    },
    {
      "mode": "managed",
      "type": "azuread_group",
      "name": "aks_admins",
      "provider": "provider[\"registry.terraform.io/hashicorp/azuread\"]",
      "instances": [
        {
          "schema_version": 0,
          "attributes": {
            "assignable_to_role": false,
            "auto_subscribe_new_members": false,
            "behaviors": [],
            "description": "",
            "display_name": "group_aks_admins",
            "dynamic_membership": [],
            "external_senders_allowed": false,
            "hide_from_address_lists": false,
            "hide_from_outlook_clients": false,
            "id": "1566f9ef-9302-4319-874d-4e5d835c21cc",
            "mail": "",
            "mail_enabled": false,
            "mail_nickname": "9905b27e-0",
            "members": [
              "f97fc9ba-ebda-439e-825a-0e25801cb32c"
            ],
            "object_id": "1566f9ef-9302-4319-874d-4e5d835c21cc",
            "onpremises_domain_name": "",
            "onpremises_netbios_name": "",
            "onpremises_sam_account_name": "",
            "onpremises_security_identifier": "",
            "onpremises_sync_enabled": false,
            "owners": [
              "f97fc9ba-ebda-439e-825a-0e25801cb32c"
            ],
            "preferred_language": "",
            "prevent_duplicate_names": false,
            "provisioning_options": [],
            "proxy_addresses": [],
            "security_enabled": true,
            "theme": "",
            "timeouts": null,
            "types": [],
            "visibility": ""
          },
          "sensitive_attributes": [],
          "private": "eyJlMmJmYjczMC1lY2FhLTExZTYtOGY4OC0zNDM2M2JjN2M0YzAiOnsiY3JlYXRlIjoxMjAwMDAwMDAwMDAwLCJkZWxldGUiOjMwMDAwMDAwMDAwMCwicmVhZCI6MzAwMDAwMDAwMDAwLCJ1cGRhdGUiOjEyMDAwMDAwMDAwMDB9fQ==",
          "dependencies": [
            "data.azuread_client_config.current"
          ]
        }
      ]
    },
    {
      "mode": "managed",
      "type": "azurerm_container_registry",
      "name": "acr",
      "provider": "provider[\"registry.terraform.io/hashicorp/azurerm\"]",
      "instances": [
        {
          "schema_version": 2,
          "attributes": {
            "admin_enabled": false,
            "admin_password": "",
            "admin_username": "",
            "anonymous_pull_enabled": false,
            "data_endpoint_enabled": false,
            "encryption": [
              {
                "enabled": false,
                "identity_client_id": "",
                "key_vault_key_id": ""
              }
            ],
            "export_policy_enabled": true,
            "georeplications": [],
            "id": "/subscriptions/1ee6a30c-7308-4dc8-babf-6b6bd7839bf8/resourceGroups/rg-aks-cluster/providers/Microsoft.ContainerRegistry/registries/acrforakstf0111",
            "identity": [],
            "location": "westeurope",
            "login_server": "acrforakstf0111.azurecr.io",
            "name": "acrforakstf0111",
            "network_rule_bypass_option": "AzureServices",
            "network_rule_set": [],
            "public_network_access_enabled": true,
            "quarantine_policy_enabled": false,
            "resource_group_name": "rg-aks-cluster",
            "retention_policy": [
              {
                "days": 7,
                "enabled": false
              }
            ],
            "sku": "Standard",
            "tags": {
              "environment": "development",
              "source": "terraform"
            },
            "timeouts": null,
            "trust_policy": [
              {
                "enabled": false
              }
            ],
            "zone_redundancy_enabled": false
          },
          "sensitive_attributes": [],
          "private": "eyJlMmJmYjczMC1lY2FhLTExZTYtOGY4OC0zNDM2M2JjN2M0YzAiOnsiY3JlYXRlIjoxODAwMDAwMDAwMDAwLCJkZWxldGUiOjE4MDAwMDAwMDAwMDAsInJlYWQiOjMwMDAwMDAwMDAwMCwidXBkYXRlIjoxODAwMDAwMDAwMDAwfSwic2NoZW1hX3ZlcnNpb24iOiIyIn0=",
          "dependencies": [
            "azurerm_resource_group.rg"
          ]
        }
      ]
    },
    {
      "mode": "managed",
      "type": "azurerm_kubernetes_cluster",
      "name": "aks",
      "provider": "provider[\"registry.terraform.io/hashicorp/azurerm\"]",
      "instances": [
        {
          "schema_version": 2,
          "attributes": {
            "aci_connector_linux": [],
            "api_server_authorized_ip_ranges": [],
            "auto_scaler_profile": [
              {
                "balance_similar_node_groups": false,
                "empty_bulk_delete_max": "10",
                "expander": "random",
                "max_graceful_termination_sec": "600",
                "max_node_provisioning_time": "15m",
                "max_unready_nodes": 3,
                "max_unready_percentage": 45,
                "new_pod_scale_up_delay": "0s",
                "scale_down_delay_after_add": "10m",
                "scale_down_delay_after_delete": "10s",
                "scale_down_delay_after_failure": "3m",
                "scale_down_unneeded": "10m",
                "scale_down_unready": "20m",
                "scale_down_utilization_threshold": "0.5",
                "scan_interval": "10s",
                "skip_nodes_with_local_storage": false,
                "skip_nodes_with_system_pods": true
              }
            ],
            "automatic_channel_upgrade": "",
            "azure_active_directory_role_based_access_control": [
              {
                "admin_group_object_ids": [
                  "1566f9ef-9302-4319-874d-4e5d835c21cc"
                ],
                "azure_rbac_enabled": true,
                "client_app_id": "",
                "managed": true,
                "server_app_id": "",
                "server_app_secret": "",
                "tenant_id": "558506eb-9459-4ef3-b920-ad55c555e729"
              }
            ],
            "azure_policy_enabled": true,
            "default_node_pool": [
              {
                "capacity_reservation_group_id": "",
                "enable_auto_scaling": true,
                "enable_host_encryption": false,
                "enable_node_public_ip": false,
                "fips_enabled": false,
                "host_group_id": "",
                "kubelet_config": [],
                "kubelet_disk_type": "OS",
                "linux_os_config": [],
                "max_count": 5,
                "max_pods": 110,
                "min_count": 1,
                "name": "poolsystem",
                "node_count": 2,
                "node_labels": {},
                "node_public_ip_prefix_id": "",
                "node_taints": [],
                "only_critical_addons_enabled": true,
                "orchestrator_version": "1.24.3",
                "os_disk_size_gb": 40,
                "os_disk_type": "Ephemeral",
                "os_sku": "Ubuntu",
                "pod_subnet_id": "/subscriptions/1ee6a30c-7308-4dc8-babf-6b6bd7839bf8/resourceGroups/rg-aks-cluster/providers/Microsoft.Network/virtualNetworks/vnet-spoke-aks/subnets/subnet-aks-pods",
                "proximity_placement_group_id": "",
                "tags": {
                  "environment": "development",
                  "source": "terraform"
                },
                "type": "VirtualMachineScaleSets",
                "ultra_ssd_enabled": false,
                "upgrade_settings": [],
                "vm_size": "Standard_D2ds_v5",
                "vnet_subnet_id": "/subscriptions/1ee6a30c-7308-4dc8-babf-6b6bd7839bf8/resourceGroups/rg-aks-cluster/providers/Microsoft.Network/virtualNetworks/vnet-spoke-aks/subnets/subnet-aks-nodes",
                "zones": [
                  "1",
                  "2",
                  "3"
                ]
              }
            ],
            "disk_encryption_set_id": "",
            "dns_prefix": "aks",
            "dns_prefix_private_cluster": "",
            "edge_zone": "",
            "enable_pod_security_policy": false,
            "fqdn": "",
            "http_application_routing_enabled": false,
            "http_application_routing_zone_name": "",
            "http_proxy_config": [],
            "id": "/subscriptions/1ee6a30c-7308-4dc8-babf-6b6bd7839bf8/resourceGroups/rg-aks-cluster/providers/Microsoft.ContainerService/managedClusters/aks-cluster",
            "identity": [
              {
                "identity_ids": [
                  "/subscriptions/1ee6a30c-7308-4dc8-babf-6b6bd7839bf8/resourceGroups/rg-aks-cluster/providers/Microsoft.ManagedIdentity/userAssignedIdentities/identity-aks"
                ],
                "principal_id": "",
                "tenant_id": "",
                "type": "UserAssigned"
              }
            ],
            "ingress_application_gateway": [],
            "key_vault_secrets_provider": [
              {
                "secret_identity": [
                  {
                    "client_id": "7e006edb-f816-471f-bc9c-5f64537b470b",
                    "object_id": "1f43885d-97c5-4257-a237-7ee495dd1508",
                    "user_assigned_identity_id": "/subscriptions/1ee6a30c-7308-4dc8-babf-6b6bd7839bf8/resourcegroups/rg-aks-cluster-managed/providers/Microsoft.ManagedIdentity/userAssignedIdentities/azurekeyvaultsecretsprovider-aks-cluster"
                  }
                ],
                "secret_rotation_enabled": true,
                "secret_rotation_interval": "2m"
              }
            ],
            "kube_admin_config": [],
            "kube_admin_config_raw": "",
            "kube_config": [
              {
                "client_certificate": "",
                "client_key": "",
                "cluster_ca_certificate": "LS0tLS1CRUdJTiBDRVJUSUZJQ0FURS0tLS0tCk1JSUU2RENDQXRDZ0F3SUJBZ0lRUkZMT2pib0Q5SVFsa0FWckZ0R1VyREFOQmdrcWhraUc5dzBCQVFzRkFEQU4KTVFzd0NRWURWUVFERXdKallUQWdGdzB5TWpBNU1qY3hOREl5TXpSYUdBOHlNRFV5TURreU56RTBNekl6TkZvdwpEVEVMTUFrR0ExVUVBeE1DWTJFd2dnSWlNQTBHQ1NxR1NJYjNEUUVCQVFVQUE0SUNEd0F3Z2dJS0FvSUNBUURICmJuUW51WmVvdkJLa0paMFc4WXl2aXNYazFKYVcxTFo2SlVXYmk2VFVhNWhxYnhUcThONVB4MlFVRU42ajh2OXcKZUgyTGtnbmx1ZEFvcVhYR0l4Ym40OHd1L3gyNFA3YkRlWG5EVHl0QnRDblFJRW51dWlyQzVmNW5LVmt1cnBaegpVbzBXT25YeUlmK24wRkU5Y3h1Vms1TTVCeFBmM3dEUFY2cTFuWVlDZWxEVTdFVnFVSUdXSzdkQ0VDa29BVFEzCnF3NGhwcGw4b1RWU01odDM2MnE5YUJZR2gxakxPS0U1ZjB4clVoY3pmY3hlaDk2d3AwN1ZFd1NyQTFPbXhNL1cKNUtobXdJcmlTVW5sblJVVjF0Ymg2WFpIYUZKanh1Zm5hSTVhUjR5NEd5eHJVYmRCN2daaHhkbGtwdVJXcUlTbQpFYjF4NlcwaEo5K28zNkpwQXNpRGRJcDlMakc4NUIxd3RlczlaZlpvTmlzdzFuZzNlWC8yc0M0SmlLVSsxcG5qCnY1bXFoVERLYnBqT1B4OExPUWlpODlvOHlnYS90MG5BeVhibXR1MVI3NTBFbnFKQTY1TGVRdXdzclRwWG5QVm4KTjc3RXV3eHhwRXZHNXN3dXptWXRhOXhxWXEvUytoQkVMQVVqNzRwYUpONTFmUDdJckZGVS9BTDlmV0hoQW5PRQo2ckZvbGR5SnJQMjk1YWtvUXpPay9BQW14STRoU050czVxS3R0dlNNNys4VTduYWlFOWkvbzlTaHYyZ0V3S214CnFHY1grYzM4YlpBOGhDd3hoLzV4MVpidEwyYkVDNVNXam9CWDBsQTYxcDBuV082VEdHQWI4K1Q2a2xaNU1NYjYKSHdmWGlzUjgxM0tTWWZUYk53bWdaQUlIazh4alRGK2wxSDlFL1grRlZ3SURBUUFCbzBJd1FEQU9CZ05WSFE4QgpBZjhFQkFNQ0FxUXdEd1lEVlIwVEFRSC9CQVV3QXdFQi96QWRCZ05WSFE0RUZnUVV2c0VFSG1pYTUwblp6eHArCitEMGtFOFk2ejlZd0RRWUpLb1pJaHZjTkFRRUxCUUFEZ2dJQkFKTW5DOWdBUGJReUNEZ0JZMlFwOU51WnFOQUgKeVduYWRiaG5GM09ocEJUUUMvUFY2blRYZ1p4UytBK1hYRXZjMGVzakk5eGlIYjNVREFlUmFmTnVIUlVIdzU2SQpndFlidjgxODJPZExvZldnRG5rVHpjTk9PSzVRRFV5UjJuajJlaFp6bm4vdzdMQXNTOEtlRG1oYVY4aWR4S0ZvCnY5Ym50czhVSVlaTlZrTFJ3YWgwNHVPWDhONXpISzJ1L0ovTkRYKzNDRStyMUdYTTV2V3hVZHBoT3ROOWhCQjgKNXVvNDltTm1vNTlWVS9hS1VwTFdwOURxR0xvWXpGeW1jdHhmVFBZeFRPOERSb0RCc3RqMDRORDhaQWcvWVhscQpPZWxka2htQ3JnZjFZUFgxS2ZjT3diQ2JzN3VKb2RYV0NranRGK2NXdkdvQ0s1bXlDYzBNcUx2aVZaellIYUdCCjRSUk5SV3FBdmdwSDBOYWF6V25Za1Z2cjNTa2cvL0hTUW9JNFhkbzBRdzh3TloxMUdtRmlZV3hCSDFEb2U1czcKMFZBV3J2amJ6R1lpb0lEMzFTN0EyVXh3VGFkSGtiTXJ4ZHE3Y0hTWFVFbFltWEhWNHZpMGgxUW1ONEgrdGNxVgo5MHBQV0lSNnoxZms0c1JyUzdwU1F2bWx2WENMQjFrTS83Zk9mMmJOK0FRRUxDQjVWRGNCVFhOODlqd2J4YUQ4ClAybG5Ka0EyZGMzakFjSXRNVlhqbEYxbGtPakRNSnVpc3ZWRGxxMjAwKy93dURDYTE5UjNSd21kQmlpT1Jxb0YKSStwaEtlWWVRNTlxUU5LQmF0bG9tRjZ2VmNVWk80RUdBdXhwdXBZRVhkY3JSaWRSNFU3dzJrQVpzM1N6MFFTRgo5S1NLd0oyYWVYOGFNbmtmCi0tLS0tRU5EIENFUlRJRklDQVRFLS0tLS0K",
                "host": "https://aks-df2f611a.privatelink.westeurope.azmk8s.io:443",
                "password": "",
                "username": "clusterUser_rg-aks-cluster_aks-cluster"
              }
            ],
            "kube_config_raw": "apiVersion: v1\nclusters:\n- cluster:\n    certificate-authority-data: LS0tLS1CRUdJTiBDRVJUSUZJQ0FURS0tLS0tCk1JSUU2RENDQXRDZ0F3SUJBZ0lRUkZMT2pib0Q5SVFsa0FWckZ0R1VyREFOQmdrcWhraUc5dzBCQVFzRkFEQU4KTVFzd0NRWURWUVFERXdKallUQWdGdzB5TWpBNU1qY3hOREl5TXpSYUdBOHlNRFV5TURreU56RTBNekl6TkZvdwpEVEVMTUFrR0ExVUVBeE1DWTJFd2dnSWlNQTBHQ1NxR1NJYjNEUUVCQVFVQUE0SUNEd0F3Z2dJS0FvSUNBUURICmJuUW51WmVvdkJLa0paMFc4WXl2aXNYazFKYVcxTFo2SlVXYmk2VFVhNWhxYnhUcThONVB4MlFVRU42ajh2OXcKZUgyTGtnbmx1ZEFvcVhYR0l4Ym40OHd1L3gyNFA3YkRlWG5EVHl0QnRDblFJRW51dWlyQzVmNW5LVmt1cnBaegpVbzBXT25YeUlmK24wRkU5Y3h1Vms1TTVCeFBmM3dEUFY2cTFuWVlDZWxEVTdFVnFVSUdXSzdkQ0VDa29BVFEzCnF3NGhwcGw4b1RWU01odDM2MnE5YUJZR2gxakxPS0U1ZjB4clVoY3pmY3hlaDk2d3AwN1ZFd1NyQTFPbXhNL1cKNUtobXdJcmlTVW5sblJVVjF0Ymg2WFpIYUZKanh1Zm5hSTVhUjR5NEd5eHJVYmRCN2daaHhkbGtwdVJXcUlTbQpFYjF4NlcwaEo5K28zNkpwQXNpRGRJcDlMakc4NUIxd3RlczlaZlpvTmlzdzFuZzNlWC8yc0M0SmlLVSsxcG5qCnY1bXFoVERLYnBqT1B4OExPUWlpODlvOHlnYS90MG5BeVhibXR1MVI3NTBFbnFKQTY1TGVRdXdzclRwWG5QVm4KTjc3RXV3eHhwRXZHNXN3dXptWXRhOXhxWXEvUytoQkVMQVVqNzRwYUpONTFmUDdJckZGVS9BTDlmV0hoQW5PRQo2ckZvbGR5SnJQMjk1YWtvUXpPay9BQW14STRoU050czVxS3R0dlNNNys4VTduYWlFOWkvbzlTaHYyZ0V3S214CnFHY1grYzM4YlpBOGhDd3hoLzV4MVpidEwyYkVDNVNXam9CWDBsQTYxcDBuV082VEdHQWI4K1Q2a2xaNU1NYjYKSHdmWGlzUjgxM0tTWWZUYk53bWdaQUlIazh4alRGK2wxSDlFL1grRlZ3SURBUUFCbzBJd1FEQU9CZ05WSFE4QgpBZjhFQkFNQ0FxUXdEd1lEVlIwVEFRSC9CQVV3QXdFQi96QWRCZ05WSFE0RUZnUVV2c0VFSG1pYTUwblp6eHArCitEMGtFOFk2ejlZd0RRWUpLb1pJaHZjTkFRRUxCUUFEZ2dJQkFKTW5DOWdBUGJReUNEZ0JZMlFwOU51WnFOQUgKeVduYWRiaG5GM09ocEJUUUMvUFY2blRYZ1p4UytBK1hYRXZjMGVzakk5eGlIYjNVREFlUmFmTnVIUlVIdzU2SQpndFlidjgxODJPZExvZldnRG5rVHpjTk9PSzVRRFV5UjJuajJlaFp6bm4vdzdMQXNTOEtlRG1oYVY4aWR4S0ZvCnY5Ym50czhVSVlaTlZrTFJ3YWgwNHVPWDhONXpISzJ1L0ovTkRYKzNDRStyMUdYTTV2V3hVZHBoT3ROOWhCQjgKNXVvNDltTm1vNTlWVS9hS1VwTFdwOURxR0xvWXpGeW1jdHhmVFBZeFRPOERSb0RCc3RqMDRORDhaQWcvWVhscQpPZWxka2htQ3JnZjFZUFgxS2ZjT3diQ2JzN3VKb2RYV0NranRGK2NXdkdvQ0s1bXlDYzBNcUx2aVZaellIYUdCCjRSUk5SV3FBdmdwSDBOYWF6V25Za1Z2cjNTa2cvL0hTUW9JNFhkbzBRdzh3TloxMUdtRmlZV3hCSDFEb2U1czcKMFZBV3J2amJ6R1lpb0lEMzFTN0EyVXh3VGFkSGtiTXJ4ZHE3Y0hTWFVFbFltWEhWNHZpMGgxUW1ONEgrdGNxVgo5MHBQV0lSNnoxZms0c1JyUzdwU1F2bWx2WENMQjFrTS83Zk9mMmJOK0FRRUxDQjVWRGNCVFhOODlqd2J4YUQ4ClAybG5Ka0EyZGMzakFjSXRNVlhqbEYxbGtPakRNSnVpc3ZWRGxxMjAwKy93dURDYTE5UjNSd21kQmlpT1Jxb0YKSStwaEtlWWVRNTlxUU5LQmF0bG9tRjZ2VmNVWk80RUdBdXhwdXBZRVhkY3JSaWRSNFU3dzJrQVpzM1N6MFFTRgo5S1NLd0oyYWVYOGFNbmtmCi0tLS0tRU5EIENFUlRJRklDQVRFLS0tLS0K\n    server: https://aks-df2f611a.privatelink.westeurope.azmk8s.io:443\n  name: aks-cluster\ncontexts:\n- context:\n    cluster: aks-cluster\n    user: clusterUser_rg-aks-cluster_aks-cluster\n  name: aks-cluster\ncurrent-context: aks-cluster\nkind: Config\npreferences: {}\nusers:\n- name: clusterUser_rg-aks-cluster_aks-cluster\n  user:\n    exec:\n      apiVersion: client.authentication.k8s.io/v1beta1\n      args:\n      - get-token\n      - --environment\n      - AzurePublicCloud\n      - --server-id\n      - 6dae42f8-4368-4678-94ff-3960e28e3630\n      - --client-id\n      - 80faf920-1908-4b52-b5ef-a8e7bedfc67a\n      - --tenant-id\n      - 558506eb-9459-4ef3-b920-ad55c555e729\n      - --login\n      - devicecode\n      command: kubelogin\n      env: null\n      provideClusterInfo: false\n",
            "kubelet_identity": [
              {
                "client_id": "d3e0ea55-65c7-4467-99a2-339541c254e7",
                "object_id": "af1ce68c-9042-460f-8da0-4f94eb31bf2b",
                "user_assigned_identity_id": "/subscriptions/1ee6a30c-7308-4dc8-babf-6b6bd7839bf8/resourceGroups/rg-aks-cluster/providers/Microsoft.ManagedIdentity/userAssignedIdentities/aks-cluster-agentpool"
              }
            ],
            "kubernetes_version": "1.24.3",
            "linux_profile": [],
            "local_account_disabled": true,
            "location": "westeurope",
            "maintenance_window": [
              {
                "allowed": [
                  {
                    "day": "Saturday",
                    "hours": [
                      2,
                      8
                    ]
                  }
                ],
                "not_allowed": []
              }
            ],
            "microsoft_defender": [],
            "name": "aks-cluster",
            "network_profile": [
              {
                "dns_service_ip": "10.0.0.10",
                "docker_bridge_cidr": "172.17.0.1/16",
                "ip_versions": [
                  "IPv4"
                ],
                "load_balancer_profile": [
                  {
                    "effective_outbound_ips": [],
                    "idle_timeout_in_minutes": 0,
                    "managed_outbound_ip_count": 0,
                    "outbound_ip_address_ids": [],
                    "outbound_ip_prefix_ids": [],
                    "outbound_ports_allocated": 0
                  }
                ],
                "load_balancer_sku": "standard",
                "nat_gateway_profile": [],
                "network_mode": "",
                "network_plugin": "azure",
                "network_policy": "calico",
                "outbound_type": "userAssignedNATGateway",
                "pod_cidr": "",
                "service_cidr": "10.0.0.0/16"
              }
            ],
            "node_resource_group": "rg-aks-cluster-managed",
            "oidc_issuer_enabled": true,
            "oidc_issuer_url": "https://oidc.prod-aks.azure.com/c97fd60d-d867-4e25-bcaf-d49360e3b6eb/",
            "oms_agent": [
              {
                "log_analytics_workspace_id": "/subscriptions/1ee6a30c-7308-4dc8-babf-6b6bd7839bf8/resourceGroups/rg-aks-cluster/providers/Microsoft.OperationalInsights/workspaces/loganalyticsakscluster",
                "oms_agent_identity": [
                  {
                    "client_id": "7d46c389-fdfc-47c2-aa57-9170e0bb6a4d",
                    "object_id": "f072fdd9-f85f-4f31-ad72-bb2e01b18b34",
                    "user_assigned_identity_id": "/subscriptions/1ee6a30c-7308-4dc8-babf-6b6bd7839bf8/resourcegroups/rg-aks-cluster-managed/providers/Microsoft.ManagedIdentity/userAssignedIdentities/omsagent-aks-cluster"
                  }
                ]
              }
            ],
            "open_service_mesh_enabled": true,
            "portal_fqdn": "d0ea892bb054c267f17a046cabe44e5e-priv.portal.hcp.westeurope.azmk8s.io",
            "private_cluster_enabled": true,
            "private_cluster_public_fqdn_enabled": false,
            "private_dns_zone_id": "/subscriptions/1ee6a30c-7308-4dc8-babf-6b6bd7839bf8/resourceGroups/rg-aks-cluster/providers/Microsoft.Network/privateDnsZones/privatelink.westeurope.azmk8s.io",
            "private_fqdn": "aks-df2f611a.privatelink.westeurope.azmk8s.io",
            "public_network_access_enabled": true,
            "resource_group_name": "rg-aks-cluster",
            "role_based_access_control_enabled": true,
            "run_command_enabled": true,
            "service_principal": [],
            "sku_tier": "Free",
            "tags": {
              "environment": "development",
              "source": "terraform"
            },
            "timeouts": null,
            "windows_profile": [
              {
                "admin_password": "",
                "admin_username": "azureuser",
                "gmsa": [],
                "license": ""
              }
            ]
          },
          "sensitive_attributes": [],
          "private": "eyJlMmJmYjczMC1lY2FhLTExZTYtOGY4OC0zNDM2M2JjN2M0YzAiOnsiY3JlYXRlIjo1NDAwMDAwMDAwMDAwLCJkZWxldGUiOjU0MDAwMDAwMDAwMDAsInJlYWQiOjMwMDAwMDAwMDAwMCwidXBkYXRlIjo1NDAwMDAwMDAwMDAwfSwic2NoZW1hX3ZlcnNpb24iOiIyIn0=",
          "dependencies": [
            "azuread_group.aks_admins",
            "azurerm_application_gateway.appgw",
            "azurerm_log_analytics_workspace.workspace",
            "azurerm_private_dns_zone.private_dns_aks",
            "azurerm_resource_group.rg",
            "azurerm_subnet.subnetnodes",
            "azurerm_subnet.subnetpods",
            "azurerm_user_assigned_identity.identity-aks",
            "azurerm_user_assigned_identity.identity-kubelet",
            "azurerm_virtual_network.vnet",
            "data.azurerm_subscription.current"
          ]
        }
      ]
    },
    {
      "mode": "managed",
      "type": "azurerm_kubernetes_cluster_node_pool",
      "name": "poolapps",
      "provider": "provider[\"registry.terraform.io/hashicorp/azurerm\"]",
      "instances": [
        {
          "schema_version": 1,
          "attributes": {
            "capacity_reservation_group_id": "",
            "enable_auto_scaling": true,
            "enable_host_encryption": false,
            "enable_node_public_ip": false,
            "eviction_policy": "",
            "fips_enabled": false,
            "host_group_id": "",
            "id": "/subscriptions/1ee6a30c-7308-4dc8-babf-6b6bd7839bf8/resourceGroups/rg-aks-cluster/providers/Microsoft.ContainerService/managedClusters/aks-cluster/agentPools/poolapps",
            "kubelet_config": [],
            "kubelet_disk_type": "OS",
            "kubernetes_cluster_id": "/subscriptions/1ee6a30c-7308-4dc8-babf-6b6bd7839bf8/resourceGroups/rg-aks-cluster/providers/Microsoft.ContainerService/managedClusters/aks-cluster",
            "linux_os_config": [],
            "max_count": 9,
            "max_pods": 110,
            "min_count": 1,
            "mode": "User",
            "name": "poolapps",
            "node_count": 1,
            "node_labels": {},
            "node_public_ip_prefix_id": "",
            "node_taints": [],
            "orchestrator_version": "1.24.3",
            "os_disk_size_gb": 60,
            "os_disk_type": "Ephemeral",
            "os_sku": "Ubuntu",
            "os_type": "Linux",
            "pod_subnet_id": "/subscriptions/1ee6a30c-7308-4dc8-babf-6b6bd7839bf8/resourceGroups/rg-aks-cluster/providers/Microsoft.Network/virtualNetworks/vnet-spoke-aks/subnets/subnet-aks-pods",
            "priority": "Regular",
            "proximity_placement_group_id": "",
            "scale_down_mode": "Delete",
            "spot_max_price": -1,
            "tags": {
              "environment": "development",
              "source": "terraform"
            },
            "timeouts": null,
            "ultra_ssd_enabled": false,
            "upgrade_settings": [
              {
                "max_surge": "3"
              }
            ],
            "vm_size": "Standard_D4pls_v5",
            "vnet_subnet_id": "/subscriptions/1ee6a30c-7308-4dc8-babf-6b6bd7839bf8/resourceGroups/rg-aks-cluster/providers/Microsoft.Network/virtualNetworks/vnet-spoke-aks/subnets/subnet-aks-nodes",
            "workload_runtime": "",
            "zones": [
              "1",
              "2",
              "3"
            ]
          },
          "sensitive_attributes": [],
          "private": "eyJlMmJmYjczMC1lY2FhLTExZTYtOGY4OC0zNDM2M2JjN2M0YzAiOnsiY3JlYXRlIjozNjAwMDAwMDAwMDAwLCJkZWxldGUiOjM2MDAwMDAwMDAwMDAsInJlYWQiOjMwMDAwMDAwMDAwMCwidXBkYXRlIjozNjAwMDAwMDAwMDAwfSwic2NoZW1hX3ZlcnNpb24iOiIxIn0=",
          "dependencies": [
            "azuread_group.aks_admins",
            "azurerm_application_gateway.appgw",
            "azurerm_kubernetes_cluster.aks",
            "azurerm_log_analytics_workspace.workspace",
            "azurerm_private_dns_zone.private_dns_aks",
            "azurerm_public_ip.pip",
            "azurerm_resource_group.rg",
            "azurerm_subnet.subnetappgw",
            "azurerm_subnet.subnetnodes",
            "azurerm_subnet.subnetpods",
            "azurerm_user_assigned_identity.identity-aks",
            "azurerm_user_assigned_identity.identity-kubelet",
            "azurerm_virtual_network.vnet",
            "data.azuread_client_config.current",
            "data.azurerm_subscription.current"
          ]
        }
      ]
    },
    {
      "mode": "managed",
      "type": "azurerm_log_analytics_solution",
      "name": "solution",
      "provider": "provider[\"registry.terraform.io/hashicorp/azurerm\"]",
      "instances": [
        {
          "index_key": 0,
          "schema_version": 1,
          "attributes": {
            "id": "/subscriptions/1ee6a30c-7308-4dc8-babf-6b6bd7839bf8/resourceGroups/rg-aks-cluster/providers/Microsoft.OperationsManagement/solutions/ContainerInsights(loganalyticsakscluster)",
            "location": "westeurope",
            "plan": [
              {
                "name": "ContainerInsights(loganalyticsakscluster)",
                "product": "OMSGallery/ContainerInsights",
                "promotion_code": "",
                "publisher": "Microsoft"
              }
            ],
            "resource_group_name": "rg-aks-cluster",
            "solution_name": "ContainerInsights",
            "tags": {
              "environment": "development",
              "source": "terraform"
            },
            "timeouts": null,
            "workspace_name": "loganalyticsakscluster",
            "workspace_resource_id": "/subscriptions/1ee6a30c-7308-4dc8-babf-6b6bd7839bf8/resourceGroups/rg-aks-cluster/providers/Microsoft.OperationalInsights/workspaces/loganalyticsakscluster"
          },
          "sensitive_attributes": [],
          "private": "eyJlMmJmYjczMC1lY2FhLTExZTYtOGY4OC0zNDM2M2JjN2M0YzAiOnsiY3JlYXRlIjoxODAwMDAwMDAwMDAwLCJkZWxldGUiOjE4MDAwMDAwMDAwMDAsInJlYWQiOjMwMDAwMDAwMDAwMCwidXBkYXRlIjoxODAwMDAwMDAwMDAwfSwic2NoZW1hX3ZlcnNpb24iOiIxIn0=",
          "dependencies": [
            "azurerm_log_analytics_workspace.workspace",
            "azurerm_resource_group.rg"
          ]
        }
      ]
    },
    {
      "mode": "managed",
      "type": "azurerm_log_analytics_workspace",
      "name": "workspace",
      "provider": "provider[\"registry.terraform.io/hashicorp/azurerm\"]",
      "instances": [
        {
          "index_key": 0,
          "schema_version": 2,
          "attributes": {
            "cmk_for_query_forced": false,
            "daily_quota_gb": -1,
            "id": "/subscriptions/1ee6a30c-7308-4dc8-babf-6b6bd7839bf8/resourceGroups/rg-aks-cluster/providers/Microsoft.OperationalInsights/workspaces/loganalyticsakscluster",
            "internet_ingestion_enabled": true,
            "internet_query_enabled": true,
            "location": "westeurope",
            "name": "loganalyticsakscluster",
            "primary_shared_key": "/iWDLAr7rWs7ZKXk9Fxpr92ejCXIr+6n/5B6iX+xFVkaENzL8pbvay8/8AUZN1GN/aa2CxN5SIunhUVtF7Qwzw==",
            "reservation_capacity_in_gb_per_day": null,
            "resource_group_name": "rg-aks-cluster",
            "retention_in_days": 30,
            "secondary_shared_key": "FIqLdT5hAZzScsMnoep5ckv73awf1VKxYqHGA/ugBIfiaLjchY8XsMYScNErvstO6E/MjFYk/xkfWu8C0pDVJA==",
            "sku": "PerGB2018",
            "tags": {
              "environment": "development",
              "source": "terraform"
            },
            "timeouts": null,
            "workspace_id": "6a3f300d-0329-4577-ab99-aacf9c85cb07"
          },
          "sensitive_attributes": [],
          "private": "eyJlMmJmYjczMC1lY2FhLTExZTYtOGY4OC0zNDM2M2JjN2M0YzAiOnsiY3JlYXRlIjoxODAwMDAwMDAwMDAwLCJkZWxldGUiOjE4MDAwMDAwMDAwMDAsInJlYWQiOjMwMDAwMDAwMDAwMCwidXBkYXRlIjoxODAwMDAwMDAwMDAwfSwic2NoZW1hX3ZlcnNpb24iOiIyIn0=",
          "dependencies": [
            "azurerm_resource_group.rg"
          ]
        }
      ]
    },
    {
      "mode": "managed",
      "type": "azurerm_nat_gateway",
      "name": "natgw",
      "provider": "provider[\"registry.terraform.io/hashicorp/azurerm\"]",
      "instances": [
        {
          "index_key": 0,
          "schema_version": 0,
          "attributes": {
            "id": "/subscriptions/1ee6a30c-7308-4dc8-babf-6b6bd7839bf8/resourceGroups/rg-aks-cluster/providers/Microsoft.Network/natGateways/NAT-Gateway",
            "idle_timeout_in_minutes": 10,
            "location": "westeurope",
            "name": "NAT-Gateway",
            "resource_group_name": "rg-aks-cluster",
            "resource_guid": "eab2786d-40e3-4a06-9e79-d699bede9f32",
            "sku_name": "Standard",
            "tags": {},
            "timeouts": null,
            "zones": [
              "1"
            ]
          },
          "sensitive_attributes": [],
          "private": "eyJlMmJmYjczMC1lY2FhLTExZTYtOGY4OC0zNDM2M2JjN2M0YzAiOnsiY3JlYXRlIjozNjAwMDAwMDAwMDAwLCJkZWxldGUiOjM2MDAwMDAwMDAwMDAsInJlYWQiOjMwMDAwMDAwMDAwMCwidXBkYXRlIjozNjAwMDAwMDAwMDAwfX0=",
          "dependencies": [
            "azurerm_resource_group.rg"
          ]
        }
      ]
    },
    {
      "mode": "managed",
      "type": "azurerm_nat_gateway_public_ip_association",
      "name": "pip_assoc",
      "provider": "provider[\"registry.terraform.io/hashicorp/azurerm\"]",
      "instances": [
        {
          "index_key": 0,
          "schema_version": 0,
          "attributes": {
            "id": "/subscriptions/1ee6a30c-7308-4dc8-babf-6b6bd7839bf8/resourceGroups/rg-aks-cluster/providers/Microsoft.Network/natGateways/NAT-Gateway|/subscriptions/1ee6a30c-7308-4dc8-babf-6b6bd7839bf8/resourceGroups/rg-aks-cluster/providers/Microsoft.Network/publicIPAddresses/nat-gateway-public-ip",
            "nat_gateway_id": "/subscriptions/1ee6a30c-7308-4dc8-babf-6b6bd7839bf8/resourceGroups/rg-aks-cluster/providers/Microsoft.Network/natGateways/NAT-Gateway",
            "public_ip_address_id": "/subscriptions/1ee6a30c-7308-4dc8-babf-6b6bd7839bf8/resourceGroups/rg-aks-cluster/providers/Microsoft.Network/publicIPAddresses/nat-gateway-public-ip",
            "timeouts": null
          },
          "sensitive_attributes": [],
          "private": "eyJlMmJmYjczMC1lY2FhLTExZTYtOGY4OC0zNDM2M2JjN2M0YzAiOnsiY3JlYXRlIjoxODAwMDAwMDAwMDAwLCJkZWxldGUiOjE4MDAwMDAwMDAwMDAsInJlYWQiOjMwMDAwMDAwMDAwMH19",
          "dependencies": [
            "azurerm_nat_gateway.natgw",
            "azurerm_public_ip.natgw_pip",
            "azurerm_resource_group.rg"
          ]
        }
      ]
    },
    {
      "mode": "managed",
      "type": "azurerm_private_dns_zone",
      "name": "private_dns_aks",
      "provider": "provider[\"registry.terraform.io/hashicorp/azurerm\"]",
      "instances": [
        {
          "index_key": 0,
          "schema_version": 0,
          "attributes": {
            "id": "/subscriptions/1ee6a30c-7308-4dc8-babf-6b6bd7839bf8/resourceGroups/rg-aks-cluster/providers/Microsoft.Network/privateDnsZones/privatelink.westeurope.azmk8s.io",
            "max_number_of_record_sets": 25000,
            "max_number_of_virtual_network_links": 1000,
            "max_number_of_virtual_network_links_with_registration": 100,
            "name": "privatelink.westeurope.azmk8s.io",
            "number_of_record_sets": 2,
            "resource_group_name": "rg-aks-cluster",
            "soa_record": [
              {
                "email": "azureprivatedns-host.microsoft.com",
                "expire_time": 2419200,
                "fqdn": "privatelink.westeurope.azmk8s.io.",
                "host_name": "azureprivatedns.net",
                "minimum_ttl": 10,
                "refresh_time": 3600,
                "retry_time": 300,
                "serial_number": 1,
                "tags": {},
                "ttl": 3600
              }
            ],
            "tags": {},
            "timeouts": null
          },
          "sensitive_attributes": [],
          "private": "eyJlMmJmYjczMC1lY2FhLTExZTYtOGY4OC0zNDM2M2JjN2M0YzAiOnsiY3JlYXRlIjoxODAwMDAwMDAwMDAwLCJkZWxldGUiOjE4MDAwMDAwMDAwMDAsInJlYWQiOjMwMDAwMDAwMDAwMCwidXBkYXRlIjoxODAwMDAwMDAwMDAwfX0=",
          "dependencies": [
            "azurerm_resource_group.rg"
          ]
        }
      ]
    },
    {
      "mode": "managed",
      "type": "azurerm_private_dns_zone_virtual_network_link",
      "name": "link_private_dns_aks_vnet_vm_devbox",
      "provider": "provider[\"registry.terraform.io/hashicorp/azurerm\"]",
      "instances": [
        {
          "index_key": 0,
          "schema_version": 0,
          "attributes": {
            "id": "/subscriptions/1ee6a30c-7308-4dc8-babf-6b6bd7839bf8/resourceGroups/rg-aks-cluster/providers/Microsoft.Network/privateDnsZones/privatelink.westeurope.azmk8s.io/virtualNetworkLinks/link_private_dns_aks_vnet_vm_devbox",
            "name": "link_private_dns_aks_vnet_vm_devbox",
            "private_dns_zone_name": "privatelink.westeurope.azmk8s.io",
            "registration_enabled": false,
            "resource_group_name": "rg-aks-cluster",
            "tags": {},
            "timeouts": null,
            "virtual_network_id": "/subscriptions/4b72ed90-7ca3-4e76-8d0f-31a2c0bee7a3/resourceGroups/rg-vm-devbox/providers/Microsoft.Network/virtualNetworks/rg-vm-devbox-vnet"
          },
          "sensitive_attributes": [],
          "private": "eyJlMmJmYjczMC1lY2FhLTExZTYtOGY4OC0zNDM2M2JjN2M0YzAiOnsiY3JlYXRlIjoxODAwMDAwMDAwMDAwLCJkZWxldGUiOjE4MDAwMDAwMDAwMDAsInJlYWQiOjMwMDAwMDAwMDAwMCwidXBkYXRlIjoxODAwMDAwMDAwMDAwfX0=",
          "dependencies": [
            "azurerm_private_dns_zone.private_dns_aks",
            "azurerm_resource_group.rg",
            "data.azurerm_virtual_network.vnet_vm_jumpbox"
          ]
        }
      ]
    },
    {
      "mode": "managed",
      "type": "azurerm_public_ip",
      "name": "natgw_pip",
      "provider": "provider[\"registry.terraform.io/hashicorp/azurerm\"]",
      "instances": [
        {
          "index_key": 0,
          "schema_version": 0,
          "attributes": {
            "allocation_method": "Static",
            "domain_name_label": null,
            "edge_zone": "",
            "fqdn": null,
            "id": "/subscriptions/1ee6a30c-7308-4dc8-babf-6b6bd7839bf8/resourceGroups/rg-aks-cluster/providers/Microsoft.Network/publicIPAddresses/nat-gateway-public-ip",
            "idle_timeout_in_minutes": 4,
            "ip_address": "20.56.37.217",
            "ip_tags": {},
            "ip_version": "IPv4",
            "location": "westeurope",
            "name": "nat-gateway-public-ip",
            "public_ip_prefix_id": null,
            "resource_group_name": "rg-aks-cluster",
            "reverse_fqdn": null,
            "sku": "Standard",
            "sku_tier": "Regional",
            "tags": {},
            "timeouts": null,
            "zones": [
              "1"
            ]
          },
          "sensitive_attributes": [],
          "private": "eyJlMmJmYjczMC1lY2FhLTExZTYtOGY4OC0zNDM2M2JjN2M0YzAiOnsiY3JlYXRlIjoxODAwMDAwMDAwMDAwLCJkZWxldGUiOjE4MDAwMDAwMDAwMDAsInJlYWQiOjMwMDAwMDAwMDAwMCwidXBkYXRlIjoxODAwMDAwMDAwMDAwfX0=",
          "dependencies": [
            "azurerm_resource_group.rg"
          ]
        }
      ]
    },
    {
      "mode": "managed",
      "type": "azurerm_public_ip_prefix",
      "name": "natgw_ip_prefix",
      "provider": "provider[\"registry.terraform.io/hashicorp/azurerm\"]",
      "instances": [
        {
          "index_key": 0,
          "schema_version": 0,
          "attributes": {
            "id": "/subscriptions/1ee6a30c-7308-4dc8-babf-6b6bd7839bf8/resourceGroups/rg-aks-cluster/providers/Microsoft.Network/publicIPPrefixes/nat-gateway-publicIPPrefix",
            "ip_prefix": "20.56.38.24/30",
            "ip_version": "IPv4",
            "location": "westeurope",
            "name": "nat-gateway-publicIPPrefix",
            "prefix_length": 30,
            "resource_group_name": "rg-aks-cluster",
            "sku": "Standard",
            "tags": {},
            "timeouts": null,
            "zones": [
              "1"
            ]
          },
          "sensitive_attributes": [],
          "private": "eyJlMmJmYjczMC1lY2FhLTExZTYtOGY4OC0zNDM2M2JjN2M0YzAiOnsiY3JlYXRlIjoxODAwMDAwMDAwMDAwLCJkZWxldGUiOjE4MDAwMDAwMDAwMDAsInJlYWQiOjMwMDAwMDAwMDAwMCwidXBkYXRlIjoxODAwMDAwMDAwMDAwfX0=",
          "dependencies": [
            "azurerm_resource_group.rg"
          ]
        }
      ]
    },
    {
      "mode": "managed",
      "type": "azurerm_resource_group",
      "name": "rg",
      "provider": "provider[\"registry.terraform.io/hashicorp/azurerm\"]",
      "instances": [
        {
          "schema_version": 0,
          "attributes": {
            "id": "/subscriptions/1ee6a30c-7308-4dc8-babf-6b6bd7839bf8/resourceGroups/rg-aks-cluster",
            "location": "westeurope",
            "name": "rg-aks-cluster",
            "tags": {
              "environment": "development",
              "source": "terraform"
            },
            "timeouts": null
          },
          "sensitive_attributes": [],
          "private": "eyJlMmJmYjczMC1lY2FhLTExZTYtOGY4OC0zNDM2M2JjN2M0YzAiOnsiY3JlYXRlIjo1NDAwMDAwMDAwMDAwLCJkZWxldGUiOjU0MDAwMDAwMDAwMDAsInJlYWQiOjMwMDAwMDAwMDAwMCwidXBkYXRlIjo1NDAwMDAwMDAwMDAwfX0=",
          "create_before_destroy": true
        }
      ]
    },
    {
      "mode": "managed",
      "type": "azurerm_role_assignment",
      "name": "aks_contributor_dns",
      "provider": "provider[\"registry.terraform.io/hashicorp/azurerm\"]",
      "instances": [
        {
          "index_key": 0,
          "schema_version": 0,
          "attributes": {
            "condition": "",
            "condition_version": "",
            "delegated_managed_identity_resource_id": "",
            "description": "",
            "id": "/subscriptions/1ee6a30c-7308-4dc8-babf-6b6bd7839bf8/resourceGroups/rg-aks-cluster/providers/Microsoft.Network/privateDnsZones/privatelink.westeurope.azmk8s.io/providers/Microsoft.Authorization/roleAssignments/7f02a519-c6ee-b669-4a10-25e5f4b05ede",
            "name": "7f02a519-c6ee-b669-4a10-25e5f4b05ede",
            "principal_id": "a1487304-24f9-40a1-8635-eb415b484d47",
            "principal_type": "ServicePrincipal",
            "role_definition_id": "/subscriptions/1ee6a30c-7308-4dc8-babf-6b6bd7839bf8/providers/Microsoft.Authorization/roleDefinitions/b12aa53e-6015-4669-85d0-8515ebb3ae7f",
            "role_definition_name": "Private DNS Zone Contributor",
            "scope": "/subscriptions/1ee6a30c-7308-4dc8-babf-6b6bd7839bf8/resourceGroups/rg-aks-cluster/providers/Microsoft.Network/privateDnsZones/privatelink.westeurope.azmk8s.io",
            "skip_service_principal_aad_check": null,
            "timeouts": null
          },
          "sensitive_attributes": [],
          "private": "eyJlMmJmYjczMC1lY2FhLTExZTYtOGY4OC0zNDM2M2JjN2M0YzAiOnsiY3JlYXRlIjoxODAwMDAwMDAwMDAwLCJkZWxldGUiOjE4MDAwMDAwMDAwMDAsInJlYWQiOjMwMDAwMDAwMDAwMCwidXBkYXRlIjoxODAwMDAwMDAwMDAwfX0=",
          "dependencies": [
            "azurerm_private_dns_zone.private_dns_aks",
            "azurerm_resource_group.rg",
            "azurerm_user_assigned_identity.identity-aks"
          ]
        }
      ]
    },
    {
      "mode": "managed",
      "type": "azurerm_role_assignment",
      "name": "aks_mi_contributor_aks_rg",
      "provider": "provider[\"registry.terraform.io/hashicorp/azurerm\"]",
      "instances": [
        {
          "schema_version": 0,
          "attributes": {
            "condition": "",
            "condition_version": "",
            "delegated_managed_identity_resource_id": "",
            "description": "",
            "id": "/subscriptions/1ee6a30c-7308-4dc8-babf-6b6bd7839bf8/resourceGroups/rg-aks-cluster/providers/Microsoft.Authorization/roleAssignments/dcfce18f-ce2b-0346-9b1c-483cc7f3c95a",
            "name": "dcfce18f-ce2b-0346-9b1c-483cc7f3c95a",
            "principal_id": "a1487304-24f9-40a1-8635-eb415b484d47",
            "principal_type": "ServicePrincipal",
            "role_definition_id": "/subscriptions/1ee6a30c-7308-4dc8-babf-6b6bd7839bf8/providers/Microsoft.Authorization/roleDefinitions/b24988ac-6180-42a0-ab88-20f7382dd24c",
            "role_definition_name": "Contributor",
            "scope": "/subscriptions/1ee6a30c-7308-4dc8-babf-6b6bd7839bf8/resourceGroups/rg-aks-cluster",
            "skip_service_principal_aad_check": true,
            "timeouts": null
          },
          "sensitive_attributes": [],
          "private": "eyJlMmJmYjczMC1lY2FhLTExZTYtOGY4OC0zNDM2M2JjN2M0YzAiOnsiY3JlYXRlIjoxODAwMDAwMDAwMDAwLCJkZWxldGUiOjE4MDAwMDAwMDAwMDAsInJlYWQiOjMwMDAwMDAwMDAwMCwidXBkYXRlIjoxODAwMDAwMDAwMDAwfX0=",
          "dependencies": [
            "azurerm_resource_group.rg",
            "azurerm_user_assigned_identity.identity-aks"
          ]
        }
      ]
    },
    {
      "mode": "managed",
      "type": "azurerm_role_assignment",
      "name": "aks_mi_network_contributor",
      "provider": "provider[\"registry.terraform.io/hashicorp/azurerm\"]",
      "instances": [
        {
          "schema_version": 0,
          "attributes": {
            "condition": "",
            "condition_version": "",
            "delegated_managed_identity_resource_id": "",
            "description": "",
            "id": "/subscriptions/1ee6a30c-7308-4dc8-babf-6b6bd7839bf8/resourceGroups/rg-aks-cluster/providers/Microsoft.Network/virtualNetworks/vnet-spoke-aks/providers/Microsoft.Authorization/roleAssignments/26b05630-2dd8-e1e0-244f-31c8e831e007",
            "name": "26b05630-2dd8-e1e0-244f-31c8e831e007",
            "principal_id": "a1487304-24f9-40a1-8635-eb415b484d47",
            "principal_type": "ServicePrincipal",
            "role_definition_id": "/subscriptions/1ee6a30c-7308-4dc8-babf-6b6bd7839bf8/providers/Microsoft.Authorization/roleDefinitions/4d97b98b-1d4f-4787-a291-c67834d212e7",
            "role_definition_name": "Network Contributor",
            "scope": "/subscriptions/1ee6a30c-7308-4dc8-babf-6b6bd7839bf8/resourceGroups/rg-aks-cluster/providers/Microsoft.Network/virtualNetworks/vnet-spoke-aks",
            "skip_service_principal_aad_check": true,
            "timeouts": null
          },
          "sensitive_attributes": [],
          "private": "eyJlMmJmYjczMC1lY2FhLTExZTYtOGY4OC0zNDM2M2JjN2M0YzAiOnsiY3JlYXRlIjoxODAwMDAwMDAwMDAwLCJkZWxldGUiOjE4MDAwMDAwMDAwMDAsInJlYWQiOjMwMDAwMDAwMDAwMCwidXBkYXRlIjoxODAwMDAwMDAwMDAwfX0=",
          "dependencies": [
            "azurerm_resource_group.rg",
            "azurerm_user_assigned_identity.identity-aks",
            "azurerm_virtual_network.vnet"
          ]
        }
      ]
    },
    {
      "mode": "managed",
      "type": "azurerm_role_assignment",
      "name": "aks_mi_operator",
      "provider": "provider[\"registry.terraform.io/hashicorp/azurerm\"]",
      "instances": [
        {
          "schema_version": 0,
          "attributes": {
            "condition": "",
            "condition_version": "",
            "delegated_managed_identity_resource_id": "",
            "description": "",
            "id": "/subscriptions/1ee6a30c-7308-4dc8-babf-6b6bd7839bf8/resourceGroups/rg-aks-cluster/providers/Microsoft.ManagedIdentity/userAssignedIdentities/aks-cluster-agentpool/providers/Microsoft.Authorization/roleAssignments/8a72634c-3946-0354-bd59-49b56745d50c",
            "name": "8a72634c-3946-0354-bd59-49b56745d50c",
            "principal_id": "a1487304-24f9-40a1-8635-eb415b484d47",
            "principal_type": "ServicePrincipal",
            "role_definition_id": "/subscriptions/1ee6a30c-7308-4dc8-babf-6b6bd7839bf8/providers/Microsoft.Authorization/roleDefinitions/f1a07417-d97a-45cb-824c-7a7467783830",
            "role_definition_name": "Managed Identity Operator",
            "scope": "/subscriptions/1ee6a30c-7308-4dc8-babf-6b6bd7839bf8/resourceGroups/rg-aks-cluster/providers/Microsoft.ManagedIdentity/userAssignedIdentities/aks-cluster-agentpool",
            "skip_service_principal_aad_check": true,
            "timeouts": null
          },
          "sensitive_attributes": [],
          "private": "eyJlMmJmYjczMC1lY2FhLTExZTYtOGY4OC0zNDM2M2JjN2M0YzAiOnsiY3JlYXRlIjoxODAwMDAwMDAwMDAwLCJkZWxldGUiOjE4MDAwMDAwMDAwMDAsInJlYWQiOjMwMDAwMDAwMDAwMCwidXBkYXRlIjoxODAwMDAwMDAwMDAwfX0=",
          "dependencies": [
            "azurerm_resource_group.rg",
            "azurerm_user_assigned_identity.identity-aks",
            "azurerm_user_assigned_identity.identity-kubelet"
          ]
        }
      ]
    },
    {
      "mode": "managed",
      "type": "azurerm_role_assignment",
      "name": "role_acrpull",
      "provider": "provider[\"registry.terraform.io/hashicorp/azurerm\"]",
      "instances": [
        {
          "schema_version": 0,
          "attributes": {
            "condition": "",
            "condition_version": "",
            "delegated_managed_identity_resource_id": "",
            "description": "",
            "id": "/subscriptions/1ee6a30c-7308-4dc8-babf-6b6bd7839bf8/resourceGroups/rg-aks-cluster/providers/Microsoft.ContainerRegistry/registries/acrforakstf0111/providers/Microsoft.Authorization/roleAssignments/9fd5a14b-0007-0650-e7c2-a3cbef065770",
            "name": "9fd5a14b-0007-0650-e7c2-a3cbef065770",
            "principal_id": "af1ce68c-9042-460f-8da0-4f94eb31bf2b",
            "principal_type": "ServicePrincipal",
            "role_definition_id": "/subscriptions/1ee6a30c-7308-4dc8-babf-6b6bd7839bf8/providers/Microsoft.Authorization/roleDefinitions/7f951dda-4ed3-4680-a7ca-43fe172d538d",
            "role_definition_name": "AcrPull",
            "scope": "/subscriptions/1ee6a30c-7308-4dc8-babf-6b6bd7839bf8/resourceGroups/rg-aks-cluster/providers/Microsoft.ContainerRegistry/registries/acrforakstf0111",
            "skip_service_principal_aad_check": true,
            "timeouts": null
          },
          "sensitive_attributes": [],
          "private": "eyJlMmJmYjczMC1lY2FhLTExZTYtOGY4OC0zNDM2M2JjN2M0YzAiOnsiY3JlYXRlIjoxODAwMDAwMDAwMDAwLCJkZWxldGUiOjE4MDAwMDAwMDAwMDAsInJlYWQiOjMwMDAwMDAwMDAwMCwidXBkYXRlIjoxODAwMDAwMDAwMDAwfX0=",
          "dependencies": [
            "azurerm_container_registry.acr",
            "azurerm_resource_group.rg",
            "azurerm_user_assigned_identity.identity-kubelet"
          ]
        }
      ]
    },
    {
      "mode": "managed",
      "type": "azurerm_subnet",
      "name": "subnetnodes",
      "provider": "provider[\"registry.terraform.io/hashicorp/azurerm\"]",
      "instances": [
        {
          "schema_version": 0,
          "attributes": {
            "address_prefixes": [
              "10.241.0.0/24"
            ],
            "delegation": [],
            "enforce_private_link_endpoint_network_policies": true,
            "enforce_private_link_service_network_policies": false,
            "id": "/subscriptions/1ee6a30c-7308-4dc8-babf-6b6bd7839bf8/resourceGroups/rg-aks-cluster/providers/Microsoft.Network/virtualNetworks/vnet-spoke-aks/subnets/subnet-aks-nodes",
            "name": "subnet-aks-nodes",
            "private_endpoint_network_policies_enabled": false,
            "private_link_service_network_policies_enabled": true,
            "resource_group_name": "rg-aks-cluster",
            "service_endpoint_policy_ids": [],
            "service_endpoints": [],
            "timeouts": null,
            "virtual_network_name": "vnet-spoke-aks"
          },
          "sensitive_attributes": [],
          "private": "eyJlMmJmYjczMC1lY2FhLTExZTYtOGY4OC0zNDM2M2JjN2M0YzAiOnsiY3JlYXRlIjoxODAwMDAwMDAwMDAwLCJkZWxldGUiOjE4MDAwMDAwMDAwMDAsInJlYWQiOjMwMDAwMDAwMDAwMCwidXBkYXRlIjoxODAwMDAwMDAwMDAwfX0=",
          "dependencies": [
            "azurerm_resource_group.rg",
            "azurerm_virtual_network.vnet"
          ]
        }
      ]
    },
    {
      "mode": "managed",
      "type": "azurerm_subnet",
      "name": "subnetpods",
      "provider": "provider[\"registry.terraform.io/hashicorp/azurerm\"]",
      "instances": [
        {
          "schema_version": 0,
          "attributes": {
            "address_prefixes": [
              "10.240.0.0/16"
            ],
            "delegation": [
              {
                "name": "aks-delegation",
                "service_delegation": [
                  {
                    "actions": [
                      "Microsoft.Network/virtualNetworks/subnets/join/action"
                    ],
                    "name": "Microsoft.ContainerService/managedClusters"
                  }
                ]
              }
            ],
            "enforce_private_link_endpoint_network_policies": false,
            "enforce_private_link_service_network_policies": false,
            "id": "/subscriptions/1ee6a30c-7308-4dc8-babf-6b6bd7839bf8/resourceGroups/rg-aks-cluster/providers/Microsoft.Network/virtualNetworks/vnet-spoke-aks/subnets/subnet-aks-pods",
            "name": "subnet-aks-pods",
            "private_endpoint_network_policies_enabled": true,
            "private_link_service_network_policies_enabled": true,
            "resource_group_name": "rg-aks-cluster",
            "service_endpoint_policy_ids": [],
            "service_endpoints": [],
            "timeouts": null,
            "virtual_network_name": "vnet-spoke-aks"
          },
          "sensitive_attributes": [],
          "private": "eyJlMmJmYjczMC1lY2FhLTExZTYtOGY4OC0zNDM2M2JjN2M0YzAiOnsiY3JlYXRlIjoxODAwMDAwMDAwMDAwLCJkZWxldGUiOjE4MDAwMDAwMDAwMDAsInJlYWQiOjMwMDAwMDAwMDAwMCwidXBkYXRlIjoxODAwMDAwMDAwMDAwfX0=",
          "dependencies": [
            "azurerm_resource_group.rg",
            "azurerm_virtual_network.vnet"
          ]
        }
      ]
    },
    {
      "mode": "managed",
      "type": "azurerm_subnet_nat_gateway_association",
      "name": "subnetnodes_assoc",
      "provider": "provider[\"registry.terraform.io/hashicorp/azurerm\"]",
      "instances": [
        {
          "index_key": 0,
          "schema_version": 0,
          "attributes": {
            "id": "/subscriptions/1ee6a30c-7308-4dc8-babf-6b6bd7839bf8/resourceGroups/rg-aks-cluster/providers/Microsoft.Network/virtualNetworks/vnet-spoke-aks/subnets/subnet-aks-nodes",
            "nat_gateway_id": "/subscriptions/1ee6a30c-7308-4dc8-babf-6b6bd7839bf8/resourceGroups/rg-aks-cluster/providers/Microsoft.Network/natGateways/NAT-Gateway",
            "subnet_id": "/subscriptions/1ee6a30c-7308-4dc8-babf-6b6bd7839bf8/resourceGroups/rg-aks-cluster/providers/Microsoft.Network/virtualNetworks/vnet-spoke-aks/subnets/subnet-aks-nodes",
            "timeouts": null
          },
          "sensitive_attributes": [],
          "private": "eyJlMmJmYjczMC1lY2FhLTExZTYtOGY4OC0zNDM2M2JjN2M0YzAiOnsiY3JlYXRlIjoxODAwMDAwMDAwMDAwLCJkZWxldGUiOjE4MDAwMDAwMDAwMDAsInJlYWQiOjMwMDAwMDAwMDAwMCwidXBkYXRlIjoxODAwMDAwMDAwMDAwfX0=",
          "dependencies": [
            "azurerm_nat_gateway.natgw",
            "azurerm_resource_group.rg",
            "azurerm_subnet.subnetnodes",
            "azurerm_virtual_network.vnet"
          ]
        }
      ]
    },
    {
      "mode": "managed",
      "type": "azurerm_subnet_nat_gateway_association",
      "name": "subnetpods_assoc",
      "provider": "provider[\"registry.terraform.io/hashicorp/azurerm\"]",
      "instances": [
        {
          "index_key": 0,
          "schema_version": 0,
          "attributes": {
            "id": "/subscriptions/1ee6a30c-7308-4dc8-babf-6b6bd7839bf8/resourceGroups/rg-aks-cluster/providers/Microsoft.Network/virtualNetworks/vnet-spoke-aks/subnets/subnet-aks-pods",
            "nat_gateway_id": "/subscriptions/1ee6a30c-7308-4dc8-babf-6b6bd7839bf8/resourceGroups/rg-aks-cluster/providers/Microsoft.Network/natGateways/NAT-Gateway",
            "subnet_id": "/subscriptions/1ee6a30c-7308-4dc8-babf-6b6bd7839bf8/resourceGroups/rg-aks-cluster/providers/Microsoft.Network/virtualNetworks/vnet-spoke-aks/subnets/subnet-aks-pods",
            "timeouts": null
          },
          "sensitive_attributes": [],
          "private": "eyJlMmJmYjczMC1lY2FhLTExZTYtOGY4OC0zNDM2M2JjN2M0YzAiOnsiY3JlYXRlIjoxODAwMDAwMDAwMDAwLCJkZWxldGUiOjE4MDAwMDAwMDAwMDAsInJlYWQiOjMwMDAwMDAwMDAwMCwidXBkYXRlIjoxODAwMDAwMDAwMDAwfX0=",
          "dependencies": [
            "azurerm_nat_gateway.natgw",
            "azurerm_resource_group.rg",
            "azurerm_subnet.subnetpods",
            "azurerm_virtual_network.vnet"
          ]
        }
      ]
    },
    {
      "mode": "managed",
      "type": "azurerm_user_assigned_identity",
      "name": "identity-aks",
      "provider": "provider[\"registry.terraform.io/hashicorp/azurerm\"]",
      "instances": [
        {
          "schema_version": 1,
          "attributes": {
            "client_id": "17587ace-d6b8-4a9f-950b-b9cfef747e54",
            "id": "/subscriptions/1ee6a30c-7308-4dc8-babf-6b6bd7839bf8/resourceGroups/rg-aks-cluster/providers/Microsoft.ManagedIdentity/userAssignedIdentities/identity-aks",
            "location": "westeurope",
            "name": "identity-aks",
            "principal_id": "a1487304-24f9-40a1-8635-eb415b484d47",
            "resource_group_name": "rg-aks-cluster",
            "tags": {
              "environment": "development",
              "source": "terraform"
            },
            "tenant_id": "558506eb-9459-4ef3-b920-ad55c555e729",
            "timeouts": null
          },
          "sensitive_attributes": [],
          "private": "eyJlMmJmYjczMC1lY2FhLTExZTYtOGY4OC0zNDM2M2JjN2M0YzAiOnsiY3JlYXRlIjoxODAwMDAwMDAwMDAwLCJkZWxldGUiOjE4MDAwMDAwMDAwMDAsInJlYWQiOjMwMDAwMDAwMDAwMCwidXBkYXRlIjoxODAwMDAwMDAwMDAwfSwic2NoZW1hX3ZlcnNpb24iOiIxIn0=",
          "dependencies": [
            "azurerm_resource_group.rg"
          ]
        }
      ]
    },
    {
      "mode": "managed",
      "type": "azurerm_user_assigned_identity",
      "name": "identity-kubelet",
      "provider": "provider[\"registry.terraform.io/hashicorp/azurerm\"]",
      "instances": [
        {
          "schema_version": 1,
          "attributes": {
            "client_id": "d3e0ea55-65c7-4467-99a2-339541c254e7",
            "id": "/subscriptions/1ee6a30c-7308-4dc8-babf-6b6bd7839bf8/resourceGroups/rg-aks-cluster/providers/Microsoft.ManagedIdentity/userAssignedIdentities/aks-cluster-agentpool",
            "location": "westeurope",
            "name": "aks-cluster-agentpool",
            "principal_id": "af1ce68c-9042-460f-8da0-4f94eb31bf2b",
            "resource_group_name": "rg-aks-cluster",
            "tags": {
              "environment": "development",
              "source": "terraform"
            },
            "tenant_id": "558506eb-9459-4ef3-b920-ad55c555e729",
            "timeouts": null
          },
          "sensitive_attributes": [],
          "private": "eyJlMmJmYjczMC1lY2FhLTExZTYtOGY4OC0zNDM2M2JjN2M0YzAiOnsiY3JlYXRlIjoxODAwMDAwMDAwMDAwLCJkZWxldGUiOjE4MDAwMDAwMDAwMDAsInJlYWQiOjMwMDAwMDAwMDAwMCwidXBkYXRlIjoxODAwMDAwMDAwMDAwfSwic2NoZW1hX3ZlcnNpb24iOiIxIn0=",
          "dependencies": [
            "azurerm_resource_group.rg"
          ]
        }
      ]
    },
    {
      "mode": "managed",
      "type": "azurerm_virtual_network",
      "name": "vnet",
      "provider": "provider[\"registry.terraform.io/hashicorp/azurerm\"]",
      "instances": [
        {
          "schema_version": 0,
          "attributes": {
            "address_space": [
              "10.0.0.0/8"
            ],
            "bgp_community": "",
            "ddos_protection_plan": [],
            "dns_servers": [],
            "edge_zone": "",
            "flow_timeout_in_minutes": 0,
            "guid": "bc425036-cc0a-4299-bef8-0025b7f0f37a",
            "id": "/subscriptions/1ee6a30c-7308-4dc8-babf-6b6bd7839bf8/resourceGroups/rg-aks-cluster/providers/Microsoft.Network/virtualNetworks/vnet-spoke-aks",
            "location": "westeurope",
            "name": "vnet-spoke-aks",
            "resource_group_name": "rg-aks-cluster",
            "subnet": [
              {
                "address_prefix": "10.240.0.0/16",
                "id": "/subscriptions/1ee6a30c-7308-4dc8-babf-6b6bd7839bf8/resourceGroups/rg-aks-cluster/providers/Microsoft.Network/virtualNetworks/vnet-spoke-aks/subnets/subnet-aks-pods",
                "name": "subnet-aks-pods",
                "security_group": ""
              },
              {
                "address_prefix": "10.241.0.0/24",
                "id": "/subscriptions/1ee6a30c-7308-4dc8-babf-6b6bd7839bf8/resourceGroups/rg-aks-cluster/providers/Microsoft.Network/virtualNetworks/vnet-spoke-aks/subnets/subnet-aks-nodes",
                "name": "subnet-aks-nodes",
                "security_group": ""
              }
            ],
            "tags": {
              "environment": "development",
              "source": "terraform"
            },
            "timeouts": null
          },
          "sensitive_attributes": [],
          "private": "eyJlMmJmYjczMC1lY2FhLTExZTYtOGY4OC0zNDM2M2JjN2M0YzAiOnsiY3JlYXRlIjoxODAwMDAwMDAwMDAwLCJkZWxldGUiOjE4MDAwMDAwMDAwMDAsInJlYWQiOjMwMDAwMDAwMDAwMCwidXBkYXRlIjoxODAwMDAwMDAwMDAwfX0=",
          "dependencies": [
            "azurerm_resource_group.rg"
          ],
          "create_before_destroy": true
        }
      ]
    },
    {
      "mode": "managed",
      "type": "azurerm_virtual_network_peering",
      "name": "peering_vnet_aks_vnet_vm_jumpbox",
      "provider": "provider[\"registry.terraform.io/hashicorp/azurerm\"]",
      "instances": [
        {
          "index_key": 0,
          "schema_version": 0,
          "attributes": {
            "allow_forwarded_traffic": true,
            "allow_gateway_transit": false,
            "allow_virtual_network_access": true,
            "id": "/subscriptions/1ee6a30c-7308-4dc8-babf-6b6bd7839bf8/resourceGroups/rg-aks-cluster/providers/Microsoft.Network/virtualNetworks/vnet-spoke-aks/virtualNetworkPeerings/peering_vnet_aks_vnet_vm_jumpbox",
            "name": "peering_vnet_aks_vnet_vm_jumpbox",
            "remote_virtual_network_id": "/subscriptions/4b72ed90-7ca3-4e76-8d0f-31a2c0bee7a3/resourceGroups/rg-vm-devbox/providers/Microsoft.Network/virtualNetworks/rg-vm-devbox-vnet",
            "resource_group_name": "rg-aks-cluster",
            "timeouts": null,
            "use_remote_gateways": false,
            "virtual_network_name": "vnet-spoke-aks"
          },
          "sensitive_attributes": [],
          "private": "eyJlMmJmYjczMC1lY2FhLTExZTYtOGY4OC0zNDM2M2JjN2M0YzAiOnsiY3JlYXRlIjoxODAwMDAwMDAwMDAwLCJkZWxldGUiOjE4MDAwMDAwMDAwMDAsInJlYWQiOjMwMDAwMDAwMDAwMCwidXBkYXRlIjoxODAwMDAwMDAwMDAwfX0=",
          "dependencies": [
            "azurerm_resource_group.rg",
            "azurerm_virtual_network.vnet",
            "data.azurerm_virtual_network.vnet_vm_jumpbox"
          ]
        }
      ]
    },
    {
      "mode": "managed",
      "type": "azurerm_virtual_network_peering",
      "name": "peering_vnet_vm_jumpbox_vnet_aks",
      "provider": "provider[\"registry.terraform.io/hashicorp/azurerm\"].ms-internal",
      "instances": [
        {
          "index_key": 0,
          "schema_version": 0,
          "attributes": {
            "allow_forwarded_traffic": true,
            "allow_gateway_transit": false,
            "allow_virtual_network_access": true,
            "id": "/subscriptions/4b72ed90-7ca3-4e76-8d0f-31a2c0bee7a3/resourceGroups/rg-vm-devbox/providers/Microsoft.Network/virtualNetworks/rg-vm-devbox-vnet/virtualNetworkPeerings/peering_vnet_vm_jumpbox_vnet_aks",
            "name": "peering_vnet_vm_jumpbox_vnet_aks",
            "remote_virtual_network_id": "/subscriptions/1ee6a30c-7308-4dc8-babf-6b6bd7839bf8/resourceGroups/rg-aks-cluster/providers/Microsoft.Network/virtualNetworks/vnet-spoke-aks",
            "resource_group_name": "rg-vm-devbox",
            "timeouts": null,
            "use_remote_gateways": false,
            "virtual_network_name": "rg-vm-devbox-vnet"
          },
          "sensitive_attributes": [],
          "private": "eyJlMmJmYjczMC1lY2FhLTExZTYtOGY4OC0zNDM2M2JjN2M0YzAiOnsiY3JlYXRlIjoxODAwMDAwMDAwMDAwLCJkZWxldGUiOjE4MDAwMDAwMDAwMDAsInJlYWQiOjMwMDAwMDAwMDAwMCwidXBkYXRlIjoxODAwMDAwMDAwMDAwfX0=",
          "dependencies": [
            "azurerm_resource_group.rg",
            "azurerm_virtual_network.vnet",
            "data.azurerm_virtual_network.vnet_vm_jumpbox"
          ]
        }
      ]
    }
  ]
}
