{
  "version": 4,
  "terraform_version": "1.2.8",
  "serial": 253,
  "lineage": "6d497197-de1c-65be-a8b2-84709ac3374a",
  "outputs": {
    "aks_private_zone_id": {
      "value": "Private cluster is disabled",
      "type": "string"
    },
    "aks_private_zone_name": {
      "value": "Private cluster is disabled",
      "type": "string"
    },
    "application_ip_address": {
      "value": "Application Gateway is disabled",
      "type": "string"
    },
    "kube_config": {
      "value": "apiVersion: v1\nclusters:\n- cluster:\n    certificate-authority-data: LS0tLS1CRUdJTiBDRVJUSUZJQ0FURS0tLS0tCk1JSUU2RENDQXRDZ0F3SUJBZ0lRV1FiTUJ4RDdXYzVEMG1URzZBNGh3REFOQmdrcWhraUc5dzBCQVFzRkFEQU4KTVFzd0NRWURWUVFERXdKallUQWdGdzB5TWpBNU1Ea3hNREUzTlRoYUdBOHlNRFV5TURrd09URXdNamMxT0ZvdwpEVEVMTUFrR0ExVUVBeE1DWTJFd2dnSWlNQTBHQ1NxR1NJYjNEUUVCQVFVQUE0SUNEd0F3Z2dJS0FvSUNBUURBCkdJek1aWTVMdTRyT0dYTEd4bWVzMnVhQlQwUFFYdVk1R0NYc0hYNEtQd0U2UDFJMXVpUDRyZU5nNzUycS8wOGgKYlpNaFpVa29jRmVlVlEvQnRQZTVhMnJWODBHa056eHZWSGVoeDkvckJsaTFLRmc5VEUreUR0eWlBU05MaUlDOApkbFpmOTZnNnRYbnFSWEZSWmdtR21hV0tWaStmSUlTeTRGZEtzZ2x1M0dlQzFZL1hETDJ2ZWxGNEFPM1hYWitpCitoVHVtaGMyRit6Smd4eDQ4ekpwOVQrQjlQQnp1dytBUDVLRklibHFMTmZrcUVsTTdYN2VwWlpMK1p6RWl0clcKQUZrYzRmT2xrYm1DTjlyQ1QzUmkraGtvOVlRcXc5SDZPYVdzbFM0QTg4WExtMUo0VVQ5NEVZNjNwa29oMndDRgpDYUY0SW5jbmJiL21BVkJsOWRwaDJVRWY1OCtpeVkvMTNNRzZicGtDY1ROcksyNUFjOFNwMmJZc1hGY1RXM3h6CkxrODMwSXA3cVAxYkY1dURMK29TU3lFYVBDUWZzbHkvNExBWTBDYnZiOU1hUmtGdnpBdHpaQTJ5ZlZpU1h2QXAKODRiVFVYTGhOSHhtS3J1VEd3ejlCZXdHV2I1N1BzUGp6K3RZVW9LTC9zMjlhZGQ3V0NKWFVpczNUdlVGY0VZbQpZVk1jU0ZHT1F1YXpYbEJ6aG9zdVZ4aEx4T2t5UXhZTXVQVWRobmQrV2djSm9FZVRzODBsNmZwSWlKRG5td3FjCkdKT05mT2RCV1hvWlgzSS9wN1VIVC8zU0hTMlpkRjVoL29MamlOS2U0V0VYeFhOSVRzUVFNTXlpdHlCL2xFTkMKREdHMGlPc3I3bUdxSzM0TkhLWjdrbU9qSjR6emlDeXduY2JLL1pVY1VRSURBUUFCbzBJd1FEQU9CZ05WSFE4QgpBZjhFQkFNQ0FxUXdEd1lEVlIwVEFRSC9CQVV3QXdFQi96QWRCZ05WSFE0RUZnUVVqeVFiWWIyc3hMSWVKb0lvCkFvMjUwWUVJWHNVd0RRWUpLb1pJaHZjTkFRRUxCUUFEZ2dJQkFINS9GTEx0cUxESmRnNDhiRU1XaFh5RHFOZisKVWtCMVBNcWhRZGtkeFJvcVpKZkhudDNHWldLZVZxc2hYY1lsaFVUTFBTYnRRdnE0R291QVBTYmE0a0hrRFpGMQpuSUYxWTVRT25vZno2N0ZZUitPemNPV1o4QlptWmdGZE41cmovSjkzWGVPZU1sOXhPSHZqNHIyNUpvUHJUaVlUCk85QzFHb0d4UCtLQnFtYnFSeklKS1huUjhWQ284U2pOSlpvSjRXbUNDU2ovWENkUEVyTVZTT2JGVnpBTVhEQVQKMStka1RsNHhaWTdidGxLbjdWaXc3UkJWaTVaM1lNQWJoSmNJSk0vSlB6OUVlK3dSaThaRkZiVUVCNkdnblNiVwpzQ2VhV1k2SGI2L3BCSkdncmlmS0dlVUtkUEZoMVIzQ1p4WGpuUmhHeitSZ3U2aEVnZi92akdxZG1mRzcvRGNtCld3dVhJcmtvWmZTTVpaYTBGUmo0TGdsV0Ria3JxWk85UllCdjh5Q1d5WVoyL1JGVmVab2cwRitXRVRIM1RsTVEKRk8vcGUwUnE5NGJsVTZMZ1J3Sk53ZUdiclRYUklIbHVXMWY1T0k4R3NsRXdSTzY3ZXFXTitZbzVMOS92WUp5QgpSY0x5KysvK2ZFWWVHRWNKdEd5dHJUdjE5U2pTa25FRW1nSkEwWk1aUFUxcFFSWnQzTGFidTNqcDg3TEJpZEtuCkErK05peExxV2hvNWRhVlI5WS9UTnhwSUkrSThlSVFNVHF2c0dPdGh4cVRwMXR0M21oNXNIN3NDQUZ3bFlEb3AKeUx0S1p3c2NDNWxabnRJWmwvSjQ1U201Q1B6OXBLQzJTLzBrcUJEVG1CYXhVR2F1QW56VXZPZjQxYXhNV0lwRwpneHpWWFE3ZDAvVW9TRTh6Ci0tLS0tRU5EIENFUlRJRklDQVRFLS0tLS0K\n    server: https://aks-c4c3c781.hcp.westeurope.azmk8s.io:443\n  name: aks-cluster\ncontexts:\n- context:\n    cluster: aks-cluster\n    user: clusterUser_rg-aks-cluster_aks-cluster\n  name: aks-cluster\ncurrent-context: aks-cluster\nkind: Config\npreferences: {}\nusers:\n- name: clusterUser_rg-aks-cluster_aks-cluster\n  user:\n    exec:\n      apiVersion: client.authentication.k8s.io/v1beta1\n      args:\n      - get-token\n      - --environment\n      - AzurePublicCloud\n      - --server-id\n      - 6dae42f8-4368-4678-94ff-3960e28e3630\n      - --client-id\n      - 80faf920-1908-4b52-b5ef-a8e7bedfc67a\n      - --tenant-id\n      - 558506eb-9459-4ef3-b920-ad55c555e729\n      - --login\n      - devicecode\n      command: kubelogin\n      env: null\n      provideClusterInfo: false\n",
      "type": "string",
      "sensitive": true
    },
    "resource_group_name": {
      "value": "rg-aks-cluster",
      "type": "string"
    }
  },
  "resources": [
    {
      "mode": "data",
      "type": "azuread_client_config",
      "name": "current",
      "provider": "provider[\"registry.terraform.io/hashicorp/azuread\"]",
      "instances": [
        {
          "schema_version": 0,
          "attributes": {
            "client_id": "04b07795-8ddb-461a-bbee-02f9e1bf7b46",
            "id": "558506eb-9459-4ef3-b920-ad55c555e729-04b07795-8ddb-461a-bbee-02f9e1bf7b46-f97fc9ba-ebda-439e-825a-0e25801cb32c",
            "object_id": "f97fc9ba-ebda-439e-825a-0e25801cb32c",
            "tenant_id": "558506eb-9459-4ef3-b920-ad55c555e729",
            "timeouts": null
          },
          "sensitive_attributes": []
        }
      ]
    },
    {
      "mode": "data",
      "type": "azuread_service_principal",
      "name": "aks_aad_server",
      "provider": "provider[\"registry.terraform.io/hashicorp/azuread\"]",
      "instances": [
        {
          "schema_version": 0,
          "attributes": {
            "account_enabled": true,
            "alternative_names": [],
            "app_role_assignment_required": false,
            "app_role_ids": {},
            "app_roles": [],
            "application_id": "6dae42f8-4368-4678-94ff-3960e28e3630",
            "application_tenant_id": "f8cdef31-a31e-4b4a-93e4-5f571e91255a",
            "description": "",
            "display_name": "Azure Kubernetes Service AAD Server",
            "feature_tags": [
              {
                "custom_single_sign_on": false,
                "enterprise": false,
                "gallery": false,
                "hide": false
              }
            ],
            "features": [
              {
                "custom_single_sign_on_app": false,
                "enterprise_application": false,
                "gallery_application": false,
                "visible_to_users": true
              }
            ],
            "homepage_url": "",
            "id": "5dc776ad-9525-4afd-ad24-334e21ad710e",
            "login_url": "",
            "logout_url": "",
            "notes": "",
            "notification_email_addresses": [],
            "oauth2_permission_scope_ids": {
              "user.read": "34a47c2f-cd0d-47b4-a93c-2c41130c671c"
            },
            "oauth2_permission_scopes": [
              {
                "admin_consent_description": "this allows to read user profile",
                "admin_consent_display_name": "user.read",
                "enabled": true,
                "id": "34a47c2f-cd0d-47b4-a93c-2c41130c671c",
                "type": "User",
                "user_consent_description": "this allows to read user profile",
                "user_consent_display_name": "user.read",
                "value": "user.read"
              }
            ],
            "object_id": "5dc776ad-9525-4afd-ad24-334e21ad710e",
            "preferred_single_sign_on_mode": "",
            "redirect_uris": [],
            "saml_metadata_url": "",
            "saml_single_sign_on": [],
            "service_principal_names": [
              "https://aks-aad-server.azure.com"
            ],
            "sign_in_audience": "AzureADMultipleOrgs",
            "tags": [],
            "timeouts": null,
            "type": "Application"
          },
          "sensitive_attributes": []
        }
      ]
    },
    {
      "mode": "data",
      "type": "azurerm_client_config",
      "name": "current",
      "provider": "provider[\"registry.terraform.io/hashicorp/azurerm\"]",
      "instances": [
        {
          "schema_version": 0,
          "attributes": {
            "client_id": "04b07795-8ddb-461a-bbee-02f9e1bf7b46",
            "id": "2022-09-13 10:21:04.7060947 +0000 UTC",
            "object_id": "f97fc9ba-ebda-439e-825a-0e25801cb32c",
            "subscription_id": "17b12858-3960-4e6f-a663-a06fdae23428",
            "tenant_id": "558506eb-9459-4ef3-b920-ad55c555e729",
            "timeouts": null
          },
          "sensitive_attributes": []
        }
      ]
    },
    {
      "mode": "data",
      "type": "azurerm_kubernetes_service_versions",
      "name": "current",
      "provider": "provider[\"registry.terraform.io/hashicorp/azurerm\"]",
      "instances": [
        {
          "schema_version": 0,
          "attributes": {
            "id": "/subscriptions/17b12858-3960-4e6f-a663-a06fdae23428/providers/Microsoft.ContainerService/locations/westeurope/orchestrators",
            "include_preview": true,
            "latest_version": "1.24.3",
            "location": "westeurope",
            "timeouts": null,
            "version_prefix": null,
            "versions": [
              "1.22.6",
              "1.22.11",
              "1.23.5",
              "1.23.8",
              "1.24.0",
              "1.24.3"
            ]
          },
          "sensitive_attributes": []
        }
      ]
    },
    {
      "mode": "data",
      "type": "azurerm_subscription",
      "name": "current",
      "provider": "provider[\"registry.terraform.io/hashicorp/azurerm\"]",
      "instances": [
        {
          "schema_version": 0,
          "attributes": {
            "display_name": "Microsoft-Azure-0",
            "id": "/subscriptions/17b12858-3960-4e6f-a663-a06fdae23428",
            "location_placement_id": "Public_2014-09-01",
            "quota_id": "MSDN_2014-09-01",
            "spending_limit": "On",
            "state": "Enabled",
            "subscription_id": "17b12858-3960-4e6f-a663-a06fdae23428",
            "tags": {},
            "tenant_id": "558506eb-9459-4ef3-b920-ad55c555e729",
            "timeouts": null
          },
          "sensitive_attributes": []
        }
      ]
    },
    {
      "mode": "managed",
      "type": "azuread_group",
      "name": "aks_admins",
      "provider": "provider[\"registry.terraform.io/hashicorp/azuread\"]",
      "instances": [
        {
          "schema_version": 0,
          "attributes": {
            "assignable_to_role": false,
            "auto_subscribe_new_members": false,
            "behaviors": [],
            "description": "",
            "display_name": "group_aks_admins",
            "dynamic_membership": [],
            "external_senders_allowed": false,
            "hide_from_address_lists": false,
            "hide_from_outlook_clients": false,
            "id": "604a7d9b-77d1-497d-b102-827b27bd2af6",
            "mail": "",
            "mail_enabled": false,
            "mail_nickname": "b03732e2-3",
            "members": [
              "f97fc9ba-ebda-439e-825a-0e25801cb32c"
            ],
            "object_id": "604a7d9b-77d1-497d-b102-827b27bd2af6",
            "onpremises_domain_name": "",
            "onpremises_netbios_name": "",
            "onpremises_sam_account_name": "",
            "onpremises_security_identifier": "",
            "onpremises_sync_enabled": false,
            "owners": [
              "f97fc9ba-ebda-439e-825a-0e25801cb32c"
            ],
            "preferred_language": "",
            "prevent_duplicate_names": false,
            "provisioning_options": [],
            "proxy_addresses": [],
            "security_enabled": true,
            "theme": "",
            "timeouts": null,
            "types": [],
            "visibility": ""
          },
          "sensitive_attributes": [],
          "private": "eyJlMmJmYjczMC1lY2FhLTExZTYtOGY4OC0zNDM2M2JjN2M0YzAiOnsiY3JlYXRlIjoxMjAwMDAwMDAwMDAwLCJkZWxldGUiOjMwMDAwMDAwMDAwMCwicmVhZCI6MzAwMDAwMDAwMDAwLCJ1cGRhdGUiOjEyMDAwMDAwMDAwMDB9fQ==",
          "dependencies": [
            "data.azuread_client_config.current"
          ]
        }
      ]
    },
    {
      "mode": "managed",
      "type": "azurerm_container_registry",
      "name": "acr",
      "provider": "provider[\"registry.terraform.io/hashicorp/azurerm\"]",
      "instances": [
        {
          "schema_version": 2,
          "attributes": {
            "admin_enabled": false,
            "admin_password": "",
            "admin_username": "",
            "anonymous_pull_enabled": false,
            "data_endpoint_enabled": false,
            "encryption": [
              {
                "enabled": false,
                "identity_client_id": "",
                "key_vault_key_id": ""
              }
            ],
            "export_policy_enabled": true,
            "georeplications": [],
            "id": "/subscriptions/17b12858-3960-4e6f-a663-a06fdae23428/resourceGroups/rg-aks-cluster/providers/Microsoft.ContainerRegistry/registries/acrforakstf011",
            "identity": [],
            "location": "westeurope",
            "login_server": "acrforakstf011.azurecr.io",
            "name": "acrforakstf011",
            "network_rule_bypass_option": "AzureServices",
            "network_rule_set": [],
            "public_network_access_enabled": true,
            "quarantine_policy_enabled": false,
            "resource_group_name": "rg-aks-cluster",
            "retention_policy": [
              {
                "days": 7,
                "enabled": false
              }
            ],
            "sku": "Standard",
            "tags": {
              "environment": "development",
              "source": "terraform"
            },
            "timeouts": null,
            "trust_policy": [
              {
                "enabled": false
              }
            ],
            "zone_redundancy_enabled": false
          },
          "sensitive_attributes": [],
          "private": "eyJlMmJmYjczMC1lY2FhLTExZTYtOGY4OC0zNDM2M2JjN2M0YzAiOnsiY3JlYXRlIjoxODAwMDAwMDAwMDAwLCJkZWxldGUiOjE4MDAwMDAwMDAwMDAsInJlYWQiOjMwMDAwMDAwMDAwMCwidXBkYXRlIjoxODAwMDAwMDAwMDAwfSwic2NoZW1hX3ZlcnNpb24iOiIyIn0=",
          "dependencies": [
            "azurerm_resource_group.rg"
          ]
        }
      ]
    },
    {
      "mode": "managed",
      "type": "azurerm_kubernetes_cluster",
      "name": "aks",
      "provider": "provider[\"registry.terraform.io/hashicorp/azurerm\"]",
      "instances": [
        {
          "schema_version": 2,
          "attributes": {
            "aci_connector_linux": [],
            "api_server_authorized_ip_ranges": [],
            "auto_scaler_profile": [
              {
                "balance_similar_node_groups": false,
                "empty_bulk_delete_max": "10",
                "expander": "random",
                "max_graceful_termination_sec": "600",
                "max_node_provisioning_time": "15m",
                "max_unready_nodes": 3,
                "max_unready_percentage": 45,
                "new_pod_scale_up_delay": "0s",
                "scale_down_delay_after_add": "10m",
                "scale_down_delay_after_delete": "10s",
                "scale_down_delay_after_failure": "3m",
                "scale_down_unneeded": "10m",
                "scale_down_unready": "20m",
                "scale_down_utilization_threshold": "0.5",
                "scan_interval": "10s",
                "skip_nodes_with_local_storage": false,
                "skip_nodes_with_system_pods": true
              }
            ],
            "automatic_channel_upgrade": "",
            "azure_active_directory_role_based_access_control": [
              {
                "admin_group_object_ids": [
                  "604a7d9b-77d1-497d-b102-827b27bd2af6"
                ],
                "azure_rbac_enabled": true,
                "client_app_id": "",
                "managed": true,
                "server_app_id": "",
                "server_app_secret": "",
                "tenant_id": "558506eb-9459-4ef3-b920-ad55c555e729"
              }
            ],
            "azure_policy_enabled": true,
            "default_node_pool": [
              {
                "capacity_reservation_group_id": "",
                "enable_auto_scaling": true,
                "enable_host_encryption": false,
                "enable_node_public_ip": false,
                "fips_enabled": false,
                "host_group_id": "",
                "kubelet_config": [],
                "kubelet_disk_type": "OS",
                "linux_os_config": [],
                "max_count": 3,
                "max_pods": 110,
                "min_count": 1,
                "name": "poolsystem",
                "node_count": 3,
                "node_labels": {},
                "node_public_ip_prefix_id": "",
                "node_taints": [],
                "only_critical_addons_enabled": true,
                "orchestrator_version": "1.24.3",
                "os_disk_size_gb": 40,
                "os_disk_type": "Ephemeral",
                "os_sku": "Ubuntu",
                "pod_subnet_id": "/subscriptions/17b12858-3960-4e6f-a663-a06fdae23428/resourceGroups/rg-aks-cluster/providers/Microsoft.Network/virtualNetworks/vnet-spoke-aks/subnets/subnet-aks-pods",
                "proximity_placement_group_id": "",
                "tags": {
                  "environment": "development",
                  "source": "terraform"
                },
                "type": "VirtualMachineScaleSets",
                "ultra_ssd_enabled": false,
                "upgrade_settings": [],
                "vm_size": "Standard_D2ds_v5",
                "vnet_subnet_id": "/subscriptions/17b12858-3960-4e6f-a663-a06fdae23428/resourceGroups/rg-aks-cluster/providers/Microsoft.Network/virtualNetworks/vnet-spoke-aks/subnets/subnet-aks-nodes",
                "zones": [
                  "1",
                  "2",
                  "3"
                ]
              }
            ],
            "disk_encryption_set_id": "",
            "dns_prefix": "aks",
            "dns_prefix_private_cluster": "",
            "enable_pod_security_policy": false,
            "fqdn": "aks-c4c3c781.hcp.westeurope.azmk8s.io",
            "http_application_routing_enabled": false,
            "http_application_routing_zone_name": "",
            "http_proxy_config": [],
            "id": "/subscriptions/17b12858-3960-4e6f-a663-a06fdae23428/resourceGroups/rg-aks-cluster/providers/Microsoft.ContainerService/managedClusters/aks-cluster",
            "identity": [
              {
                "identity_ids": [
                  "/subscriptions/17b12858-3960-4e6f-a663-a06fdae23428/resourceGroups/rg-aks-cluster/providers/Microsoft.ManagedIdentity/userAssignedIdentities/identity-aks"
                ],
                "principal_id": "",
                "tenant_id": "",
                "type": "UserAssigned"
              }
            ],
            "ingress_application_gateway": [],
            "key_vault_secrets_provider": [
              {
                "secret_identity": [
                  {
                    "client_id": "69cc3056-cebc-4ddc-96ec-15d5873fc3fc",
                    "object_id": "33cca11a-1087-42d0-b5a1-7d80c1d53b9f",
                    "user_assigned_identity_id": "/subscriptions/17b12858-3960-4e6f-a663-a06fdae23428/resourcegroups/rg-aks-cluster-managed/providers/Microsoft.ManagedIdentity/userAssignedIdentities/azurekeyvaultsecretsprovider-aks-cluster"
                  }
                ],
                "secret_rotation_enabled": true,
                "secret_rotation_interval": "2m"
              }
            ],
            "kube_admin_config": [],
            "kube_admin_config_raw": "",
            "kube_config": [],
            "kube_config_raw": "apiVersion: v1\nclusters:\n- cluster:\n    certificate-authority-data: LS0tLS1CRUdJTiBDRVJUSUZJQ0FURS0tLS0tCk1JSUU2RENDQXRDZ0F3SUJBZ0lRV1FiTUJ4RDdXYzVEMG1URzZBNGh3REFOQmdrcWhraUc5dzBCQVFzRkFEQU4KTVFzd0NRWURWUVFERXdKallUQWdGdzB5TWpBNU1Ea3hNREUzTlRoYUdBOHlNRFV5TURrd09URXdNamMxT0ZvdwpEVEVMTUFrR0ExVUVBeE1DWTJFd2dnSWlNQTBHQ1NxR1NJYjNEUUVCQVFVQUE0SUNEd0F3Z2dJS0FvSUNBUURBCkdJek1aWTVMdTRyT0dYTEd4bWVzMnVhQlQwUFFYdVk1R0NYc0hYNEtQd0U2UDFJMXVpUDRyZU5nNzUycS8wOGgKYlpNaFpVa29jRmVlVlEvQnRQZTVhMnJWODBHa056eHZWSGVoeDkvckJsaTFLRmc5VEUreUR0eWlBU05MaUlDOApkbFpmOTZnNnRYbnFSWEZSWmdtR21hV0tWaStmSUlTeTRGZEtzZ2x1M0dlQzFZL1hETDJ2ZWxGNEFPM1hYWitpCitoVHVtaGMyRit6Smd4eDQ4ekpwOVQrQjlQQnp1dytBUDVLRklibHFMTmZrcUVsTTdYN2VwWlpMK1p6RWl0clcKQUZrYzRmT2xrYm1DTjlyQ1QzUmkraGtvOVlRcXc5SDZPYVdzbFM0QTg4WExtMUo0VVQ5NEVZNjNwa29oMndDRgpDYUY0SW5jbmJiL21BVkJsOWRwaDJVRWY1OCtpeVkvMTNNRzZicGtDY1ROcksyNUFjOFNwMmJZc1hGY1RXM3h6CkxrODMwSXA3cVAxYkY1dURMK29TU3lFYVBDUWZzbHkvNExBWTBDYnZiOU1hUmtGdnpBdHpaQTJ5ZlZpU1h2QXAKODRiVFVYTGhOSHhtS3J1VEd3ejlCZXdHV2I1N1BzUGp6K3RZVW9LTC9zMjlhZGQ3V0NKWFVpczNUdlVGY0VZbQpZVk1jU0ZHT1F1YXpYbEJ6aG9zdVZ4aEx4T2t5UXhZTXVQVWRobmQrV2djSm9FZVRzODBsNmZwSWlKRG5td3FjCkdKT05mT2RCV1hvWlgzSS9wN1VIVC8zU0hTMlpkRjVoL29MamlOS2U0V0VYeFhOSVRzUVFNTXlpdHlCL2xFTkMKREdHMGlPc3I3bUdxSzM0TkhLWjdrbU9qSjR6emlDeXduY2JLL1pVY1VRSURBUUFCbzBJd1FEQU9CZ05WSFE4QgpBZjhFQkFNQ0FxUXdEd1lEVlIwVEFRSC9CQVV3QXdFQi96QWRCZ05WSFE0RUZnUVVqeVFiWWIyc3hMSWVKb0lvCkFvMjUwWUVJWHNVd0RRWUpLb1pJaHZjTkFRRUxCUUFEZ2dJQkFINS9GTEx0cUxESmRnNDhiRU1XaFh5RHFOZisKVWtCMVBNcWhRZGtkeFJvcVpKZkhudDNHWldLZVZxc2hYY1lsaFVUTFBTYnRRdnE0R291QVBTYmE0a0hrRFpGMQpuSUYxWTVRT25vZno2N0ZZUitPemNPV1o4QlptWmdGZE41cmovSjkzWGVPZU1sOXhPSHZqNHIyNUpvUHJUaVlUCk85QzFHb0d4UCtLQnFtYnFSeklKS1huUjhWQ284U2pOSlpvSjRXbUNDU2ovWENkUEVyTVZTT2JGVnpBTVhEQVQKMStka1RsNHhaWTdidGxLbjdWaXc3UkJWaTVaM1lNQWJoSmNJSk0vSlB6OUVlK3dSaThaRkZiVUVCNkdnblNiVwpzQ2VhV1k2SGI2L3BCSkdncmlmS0dlVUtkUEZoMVIzQ1p4WGpuUmhHeitSZ3U2aEVnZi92akdxZG1mRzcvRGNtCld3dVhJcmtvWmZTTVpaYTBGUmo0TGdsV0Ria3JxWk85UllCdjh5Q1d5WVoyL1JGVmVab2cwRitXRVRIM1RsTVEKRk8vcGUwUnE5NGJsVTZMZ1J3Sk53ZUdiclRYUklIbHVXMWY1T0k4R3NsRXdSTzY3ZXFXTitZbzVMOS92WUp5QgpSY0x5KysvK2ZFWWVHRWNKdEd5dHJUdjE5U2pTa25FRW1nSkEwWk1aUFUxcFFSWnQzTGFidTNqcDg3TEJpZEtuCkErK05peExxV2hvNWRhVlI5WS9UTnhwSUkrSThlSVFNVHF2c0dPdGh4cVRwMXR0M21oNXNIN3NDQUZ3bFlEb3AKeUx0S1p3c2NDNWxabnRJWmwvSjQ1U201Q1B6OXBLQzJTLzBrcUJEVG1CYXhVR2F1QW56VXZPZjQxYXhNV0lwRwpneHpWWFE3ZDAvVW9TRTh6Ci0tLS0tRU5EIENFUlRJRklDQVRFLS0tLS0K\n    server: https://aks-c4c3c781.hcp.westeurope.azmk8s.io:443\n  name: aks-cluster\ncontexts:\n- context:\n    cluster: aks-cluster\n    user: clusterUser_rg-aks-cluster_aks-cluster\n  name: aks-cluster\ncurrent-context: aks-cluster\nkind: Config\npreferences: {}\nusers:\n- name: clusterUser_rg-aks-cluster_aks-cluster\n  user:\n    exec:\n      apiVersion: client.authentication.k8s.io/v1beta1\n      args:\n      - get-token\n      - --environment\n      - AzurePublicCloud\n      - --server-id\n      - 6dae42f8-4368-4678-94ff-3960e28e3630\n      - --client-id\n      - 80faf920-1908-4b52-b5ef-a8e7bedfc67a\n      - --tenant-id\n      - 558506eb-9459-4ef3-b920-ad55c555e729\n      - --login\n      - devicecode\n      command: kubelogin\n      env: null\n      provideClusterInfo: false\n",
            "kubelet_identity": [
              {
                "client_id": "4bb200fb-d8fd-4dda-aba4-bbd8c3df94a4",
                "object_id": "362240fa-977c-4f01-9f84-58a5afcaba05",
                "user_assigned_identity_id": "/subscriptions/17b12858-3960-4e6f-a663-a06fdae23428/resourceGroups/rg-aks-cluster/providers/Microsoft.ManagedIdentity/userAssignedIdentities/aks-cluster-agentpool"
              }
            ],
            "kubernetes_version": "1.24.3",
            "linux_profile": [],
            "local_account_disabled": true,
            "location": "westeurope",
            "maintenance_window": [
              {
                "allowed": [
                  {
                    "day": "Saturday",
                    "hours": [
                      2,
                      8
                    ]
                  }
                ],
                "not_allowed": []
              }
            ],
            "microsoft_defender": [],
            "name": "aks-cluster",
            "network_profile": [
              {
                "dns_service_ip": "10.0.0.10",
                "docker_bridge_cidr": "172.17.0.1/16",
                "ip_versions": [
                  "IPv4"
                ],
                "load_balancer_profile": [
                  {
                    "effective_outbound_ips": [
                      "/subscriptions/17b12858-3960-4e6f-a663-a06fdae23428/resourceGroups/rg-aks-cluster-managed/providers/Microsoft.Network/publicIPAddresses/90a32eb8-7558-4f5d-a339-99dafa169d1f",
                      "/subscriptions/17b12858-3960-4e6f-a663-a06fdae23428/resourceGroups/rg-aks-cluster-managed/providers/Microsoft.Network/publicIPAddresses/9e45e3c4-cdc0-4a26-9fd4-3ddf1a3be9f8"
                    ],
                    "idle_timeout_in_minutes": 30,
                    "managed_outbound_ip_count": 2,
                    "outbound_ip_address_ids": [],
                    "outbound_ip_prefix_ids": [],
                    "outbound_ports_allocated": 0
                  }
                ],
                "load_balancer_sku": "standard",
                "nat_gateway_profile": [],
                "network_mode": "",
                "network_plugin": "azure",
                "network_policy": "calico",
                "outbound_type": "loadBalancer",
                "pod_cidr": "",
                "service_cidr": "10.0.0.0/16"
              }
            ],
            "node_resource_group": "rg-aks-cluster-managed",
            "oidc_issuer_enabled": true,
            "oidc_issuer_url": "https://oidc.prod-aks.azure.com/47624fb9-afb8-4e22-bb3b-27b15410448e/",
            "oms_agent": [
              {
                "log_analytics_workspace_id": "/subscriptions/17b12858-3960-4e6f-a663-a06fdae23428/resourceGroups/rg-aks-cluster/providers/Microsoft.OperationalInsights/workspaces/loganalyticsakscluster",
                "oms_agent_identity": [
                  {
                    "client_id": "79a6a78f-04d2-4558-8081-b16a50b127ec",
                    "object_id": "2cafa77d-e297-4481-ae5c-2a4a3d445775",
                    "user_assigned_identity_id": "/subscriptions/17b12858-3960-4e6f-a663-a06fdae23428/resourcegroups/rg-aks-cluster-managed/providers/Microsoft.ManagedIdentity/userAssignedIdentities/omsagent-aks-cluster"
                  }
                ]
              }
            ],
            "open_service_mesh_enabled": true,
            "portal_fqdn": "aks-c4c3c781.portal.hcp.westeurope.azmk8s.io",
            "private_cluster_enabled": false,
            "private_cluster_public_fqdn_enabled": false,
            "private_dns_zone_id": "",
            "private_fqdn": "",
            "public_network_access_enabled": true,
            "resource_group_name": "rg-aks-cluster",
            "role_based_access_control_enabled": true,
            "run_command_enabled": true,
            "service_principal": [],
            "sku_tier": "Free",
            "tags": {
              "environment": "development",
              "source": "terraform"
            },
            "timeouts": null,
            "windows_profile": [
              {
                "admin_password": "",
                "admin_username": "azureuser",
                "license": ""
              }
            ]
          },
          "sensitive_attributes": [],
          "private": "eyJlMmJmYjczMC1lY2FhLTExZTYtOGY4OC0zNDM2M2JjN2M0YzAiOnsiY3JlYXRlIjo1NDAwMDAwMDAwMDAwLCJkZWxldGUiOjU0MDAwMDAwMDAwMDAsInJlYWQiOjMwMDAwMDAwMDAwMCwidXBkYXRlIjo1NDAwMDAwMDAwMDAwfSwic2NoZW1hX3ZlcnNpb24iOiIyIn0=",
          "dependencies": [
            "azuread_group.aks_admins",
            "azurerm_application_gateway.appgw",
            "azurerm_log_analytics_workspace.workspace",
            "azurerm_private_dns_zone.private_dns_aks",
            "azurerm_public_ip.pip",
            "azurerm_resource_group.rg",
            "azurerm_subnet.subnetappgw",
            "azurerm_subnet.subnetnodes",
            "azurerm_subnet.subnetpods",
            "azurerm_user_assigned_identity.identity-aks",
            "azurerm_user_assigned_identity.identity-kubelet",
            "azurerm_virtual_network.vnet",
            "data.azuread_client_config.current",
            "data.azurerm_subscription.current"
          ]
        }
      ]
    },
    {
      "mode": "managed",
      "type": "azurerm_kubernetes_cluster_node_pool",
      "name": "poolapps",
      "provider": "provider[\"registry.terraform.io/hashicorp/azurerm\"]",
      "instances": [
        {
          "schema_version": 1,
          "attributes": {
            "capacity_reservation_group_id": "",
            "enable_auto_scaling": true,
            "enable_host_encryption": false,
            "enable_node_public_ip": false,
            "eviction_policy": "",
            "fips_enabled": false,
            "host_group_id": "",
            "id": "/subscriptions/17b12858-3960-4e6f-a663-a06fdae23428/resourceGroups/rg-aks-cluster/providers/Microsoft.ContainerService/managedClusters/aks-cluster/agentPools/poolapps",
            "kubelet_config": [],
            "kubelet_disk_type": "OS",
            "kubernetes_cluster_id": "/subscriptions/17b12858-3960-4e6f-a663-a06fdae23428/resourceGroups/rg-aks-cluster/providers/Microsoft.ContainerService/managedClusters/aks-cluster",
            "linux_os_config": [],
            "max_count": 5,
            "max_pods": 110,
            "min_count": 1,
            "mode": "User",
            "name": "poolapps",
            "node_count": 1,
            "node_labels": {},
            "node_public_ip_prefix_id": "",
            "node_taints": null,
            "orchestrator_version": "1.24.3",
            "os_disk_size_gb": 60,
            "os_disk_type": "Ephemeral",
            "os_sku": "Ubuntu",
            "os_type": "Linux",
            "pod_subnet_id": "/subscriptions/17b12858-3960-4e6f-a663-a06fdae23428/resourceGroups/rg-aks-cluster/providers/Microsoft.Network/virtualNetworks/vnet-spoke-aks/subnets/subnet-aks-pods",
            "priority": "Regular",
            "proximity_placement_group_id": "",
            "scale_down_mode": "Delete",
            "spot_max_price": -1,
            "tags": {
              "environment": "development",
              "source": "terraform"
            },
            "timeouts": null,
            "ultra_ssd_enabled": false,
            "upgrade_settings": [
              {
                "max_surge": "3"
              }
            ],
            "vm_size": "Standard_D4pls_v5",
            "vnet_subnet_id": "/subscriptions/17b12858-3960-4e6f-a663-a06fdae23428/resourceGroups/rg-aks-cluster/providers/Microsoft.Network/virtualNetworks/vnet-spoke-aks/subnets/subnet-aks-nodes",
            "workload_runtime": "",
            "zones": [
              "1",
              "2",
              "3"
            ]
          },
          "sensitive_attributes": [],
          "private": "eyJlMmJmYjczMC1lY2FhLTExZTYtOGY4OC0zNDM2M2JjN2M0YzAiOnsiY3JlYXRlIjozNjAwMDAwMDAwMDAwLCJkZWxldGUiOjM2MDAwMDAwMDAwMDAsInJlYWQiOjMwMDAwMDAwMDAwMCwidXBkYXRlIjozNjAwMDAwMDAwMDAwfSwic2NoZW1hX3ZlcnNpb24iOiIxIn0=",
          "dependencies": [
            "azurerm_kubernetes_cluster.aks",
            "azurerm_subnet.subnetnodes",
            "azurerm_subnet.subnetpods"
          ]
        }
      ]
    },
    {
      "mode": "managed",
      "type": "azurerm_log_analytics_solution",
      "name": "solution",
      "provider": "provider[\"registry.terraform.io/hashicorp/azurerm\"]",
      "instances": [
        {
          "index_key": 0,
          "schema_version": 0,
          "attributes": {
            "id": "/subscriptions/17b12858-3960-4e6f-a663-a06fdae23428/resourceGroups/rg-aks-cluster/providers/Microsoft.OperationsManagement/solutions/ContainerInsights(loganalyticsakscluster)",
            "location": "westeurope",
            "plan": [
              {
                "name": "ContainerInsights(loganalyticsakscluster)",
                "product": "OMSGallery/ContainerInsights",
                "promotion_code": "",
                "publisher": "Microsoft"
              }
            ],
            "resource_group_name": "rg-aks-cluster",
            "solution_name": "ContainerInsights",
            "tags": {
              "environment": "development",
              "source": "terraform"
            },
            "timeouts": null,
            "workspace_name": "loganalyticsakscluster",
            "workspace_resource_id": "/subscriptions/17b12858-3960-4e6f-a663-a06fdae23428/resourceGroups/rg-aks-cluster/providers/Microsoft.OperationalInsights/workspaces/loganalyticsakscluster"
          },
          "sensitive_attributes": [],
          "private": "eyJlMmJmYjczMC1lY2FhLTExZTYtOGY4OC0zNDM2M2JjN2M0YzAiOnsiY3JlYXRlIjoxODAwMDAwMDAwMDAwLCJkZWxldGUiOjE4MDAwMDAwMDAwMDAsInJlYWQiOjMwMDAwMDAwMDAwMCwidXBkYXRlIjoxODAwMDAwMDAwMDAwfX0=",
          "dependencies": [
            "azurerm_log_analytics_workspace.workspace",
            "azurerm_resource_group.rg"
          ]
        }
      ]
    },
    {
      "mode": "managed",
      "type": "azurerm_log_analytics_workspace",
      "name": "workspace",
      "provider": "provider[\"registry.terraform.io/hashicorp/azurerm\"]",
      "instances": [
        {
          "index_key": 0,
          "schema_version": 2,
          "attributes": {
            "cmk_for_query_forced": false,
            "daily_quota_gb": -1,
            "id": "/subscriptions/17b12858-3960-4e6f-a663-a06fdae23428/resourceGroups/rg-aks-cluster/providers/Microsoft.OperationalInsights/workspaces/loganalyticsakscluster",
            "internet_ingestion_enabled": true,
            "internet_query_enabled": true,
            "location": "westeurope",
            "name": "loganalyticsakscluster",
            "primary_shared_key": "QGQXBST+4WjG+x3lVQCmU7ilkWFyPXq1s1ufZ9zYCmaiWPu+NA8DohqMk61yBaC0uBv8Ra/5j4aqY7vJqCewwg==",
            "reservation_capacity_in_gb_per_day": null,
            "resource_group_name": "rg-aks-cluster",
            "retention_in_days": 30,
            "secondary_shared_key": "iHKuphPs+K6ox1aUhVFPCoOetkymW2PohMewfodIBopkuZXOeCR+eAXhp3kR0fk2RPkAHVUZ8wg7xWuN1o16DA==",
            "sku": "PerGB2018",
            "tags": {
              "environment": "development",
              "source": "terraform"
            },
            "timeouts": null,
            "workspace_id": "f63e070f-ee31-4e69-a14d-9d6cde5e801c"
          },
          "sensitive_attributes": [],
          "private": "eyJlMmJmYjczMC1lY2FhLTExZTYtOGY4OC0zNDM2M2JjN2M0YzAiOnsiY3JlYXRlIjoxODAwMDAwMDAwMDAwLCJkZWxldGUiOjE4MDAwMDAwMDAwMDAsInJlYWQiOjMwMDAwMDAwMDAwMCwidXBkYXRlIjoxODAwMDAwMDAwMDAwfSwic2NoZW1hX3ZlcnNpb24iOiIyIn0=",
          "dependencies": [
            "azurerm_resource_group.rg"
          ]
        }
      ]
    },
    {
      "mode": "managed",
      "type": "azurerm_resource_group",
      "name": "rg",
      "provider": "provider[\"registry.terraform.io/hashicorp/azurerm\"]",
      "instances": [
        {
          "schema_version": 0,
          "attributes": {
            "id": "/subscriptions/17b12858-3960-4e6f-a663-a06fdae23428/resourceGroups/rg-aks-cluster",
            "location": "westeurope",
            "name": "rg-aks-cluster",
            "tags": {
              "environment": "development",
              "source": "terraform"
            },
            "timeouts": null
          },
          "sensitive_attributes": [],
          "private": "eyJlMmJmYjczMC1lY2FhLTExZTYtOGY4OC0zNDM2M2JjN2M0YzAiOnsiY3JlYXRlIjo1NDAwMDAwMDAwMDAwLCJkZWxldGUiOjU0MDAwMDAwMDAwMDAsInJlYWQiOjMwMDAwMDAwMDAwMCwidXBkYXRlIjo1NDAwMDAwMDAwMDAwfX0=",
          "create_before_destroy": true
        }
      ]
    },
    {
      "mode": "managed",
      "type": "azurerm_role_assignment",
      "name": "aks_mi_contributor_aks_rg",
      "provider": "provider[\"registry.terraform.io/hashicorp/azurerm\"]",
      "instances": [
        {
          "schema_version": 0,
          "attributes": {
            "condition": "",
            "condition_version": "",
            "delegated_managed_identity_resource_id": "",
            "description": "",
            "id": "/subscriptions/17b12858-3960-4e6f-a663-a06fdae23428/resourceGroups/rg-aks-cluster/providers/Microsoft.Authorization/roleAssignments/7bd85e41-9ff1-2224-6bde-6d564932b3f1",
            "name": "7bd85e41-9ff1-2224-6bde-6d564932b3f1",
            "principal_id": "4024bb5f-362d-4f83-8ef1-7a4cdbb73618",
            "principal_type": "ServicePrincipal",
            "role_definition_id": "/subscriptions/17b12858-3960-4e6f-a663-a06fdae23428/providers/Microsoft.Authorization/roleDefinitions/b24988ac-6180-42a0-ab88-20f7382dd24c",
            "role_definition_name": "Contributor",
            "scope": "/subscriptions/17b12858-3960-4e6f-a663-a06fdae23428/resourceGroups/rg-aks-cluster",
            "skip_service_principal_aad_check": true,
            "timeouts": null
          },
          "sensitive_attributes": [],
          "private": "eyJlMmJmYjczMC1lY2FhLTExZTYtOGY4OC0zNDM2M2JjN2M0YzAiOnsiY3JlYXRlIjoxODAwMDAwMDAwMDAwLCJkZWxldGUiOjE4MDAwMDAwMDAwMDAsInJlYWQiOjMwMDAwMDAwMDAwMCwidXBkYXRlIjoxODAwMDAwMDAwMDAwfX0=",
          "dependencies": [
            "azurerm_resource_group.rg",
            "azurerm_user_assigned_identity.identity-aks"
          ]
        }
      ]
    },
    {
      "mode": "managed",
      "type": "azurerm_role_assignment",
      "name": "aks_mi_network_contributor",
      "provider": "provider[\"registry.terraform.io/hashicorp/azurerm\"]",
      "instances": [
        {
          "schema_version": 0,
          "attributes": {
            "condition": "",
            "condition_version": "",
            "delegated_managed_identity_resource_id": "",
            "description": "",
            "id": "/subscriptions/17b12858-3960-4e6f-a663-a06fdae23428/resourceGroups/rg-aks-cluster/providers/Microsoft.Network/virtualNetworks/vnet-spoke-aks/providers/Microsoft.Authorization/roleAssignments/f3d3c407-2f7b-0580-9cef-e6e0a054d26d",
            "name": "f3d3c407-2f7b-0580-9cef-e6e0a054d26d",
            "principal_id": "4024bb5f-362d-4f83-8ef1-7a4cdbb73618",
            "principal_type": "ServicePrincipal",
            "role_definition_id": "/subscriptions/17b12858-3960-4e6f-a663-a06fdae23428/providers/Microsoft.Authorization/roleDefinitions/4d97b98b-1d4f-4787-a291-c67834d212e7",
            "role_definition_name": "Network Contributor",
            "scope": "/subscriptions/17b12858-3960-4e6f-a663-a06fdae23428/resourceGroups/rg-aks-cluster/providers/Microsoft.Network/virtualNetworks/vnet-spoke-aks",
            "skip_service_principal_aad_check": true,
            "timeouts": null
          },
          "sensitive_attributes": [],
          "private": "eyJlMmJmYjczMC1lY2FhLTExZTYtOGY4OC0zNDM2M2JjN2M0YzAiOnsiY3JlYXRlIjoxODAwMDAwMDAwMDAwLCJkZWxldGUiOjE4MDAwMDAwMDAwMDAsInJlYWQiOjMwMDAwMDAwMDAwMCwidXBkYXRlIjoxODAwMDAwMDAwMDAwfX0=",
          "dependencies": [
            "azurerm_resource_group.rg",
            "azurerm_user_assigned_identity.identity-aks",
            "azurerm_virtual_network.vnet"
          ]
        }
      ]
    },
    {
      "mode": "managed",
      "type": "azurerm_role_assignment",
      "name": "aks_mi_operator",
      "provider": "provider[\"registry.terraform.io/hashicorp/azurerm\"]",
      "instances": [
        {
          "schema_version": 0,
          "attributes": {
            "condition": "",
            "condition_version": "",
            "delegated_managed_identity_resource_id": "",
            "description": "",
            "id": "/subscriptions/17b12858-3960-4e6f-a663-a06fdae23428/resourceGroups/rg-aks-cluster/providers/Microsoft.ManagedIdentity/userAssignedIdentities/aks-cluster-agentpool/providers/Microsoft.Authorization/roleAssignments/328af115-3828-046d-6cde-7bd451311899",
            "name": "328af115-3828-046d-6cde-7bd451311899",
            "principal_id": "4024bb5f-362d-4f83-8ef1-7a4cdbb73618",
            "principal_type": "ServicePrincipal",
            "role_definition_id": "/subscriptions/17b12858-3960-4e6f-a663-a06fdae23428/providers/Microsoft.Authorization/roleDefinitions/f1a07417-d97a-45cb-824c-7a7467783830",
            "role_definition_name": "Managed Identity Operator",
            "scope": "/subscriptions/17b12858-3960-4e6f-a663-a06fdae23428/resourceGroups/rg-aks-cluster/providers/Microsoft.ManagedIdentity/userAssignedIdentities/aks-cluster-agentpool",
            "skip_service_principal_aad_check": true,
            "timeouts": null
          },
          "sensitive_attributes": [],
          "private": "eyJlMmJmYjczMC1lY2FhLTExZTYtOGY4OC0zNDM2M2JjN2M0YzAiOnsiY3JlYXRlIjoxODAwMDAwMDAwMDAwLCJkZWxldGUiOjE4MDAwMDAwMDAwMDAsInJlYWQiOjMwMDAwMDAwMDAwMCwidXBkYXRlIjoxODAwMDAwMDAwMDAwfX0=",
          "dependencies": [
            "azurerm_resource_group.rg",
            "azurerm_user_assigned_identity.identity-aks",
            "azurerm_user_assigned_identity.identity-kubelet"
          ]
        }
      ]
    },
    {
      "mode": "managed",
      "type": "azurerm_role_assignment",
      "name": "role_acrpull",
      "provider": "provider[\"registry.terraform.io/hashicorp/azurerm\"]",
      "instances": [
        {
          "schema_version": 0,
          "attributes": {
            "condition": "",
            "condition_version": "",
            "delegated_managed_identity_resource_id": "",
            "description": "",
            "id": "/subscriptions/17b12858-3960-4e6f-a663-a06fdae23428/resourceGroups/rg-aks-cluster/providers/Microsoft.ContainerRegistry/registries/acrforakstf011/providers/Microsoft.Authorization/roleAssignments/d69964cc-68af-38cd-4b46-96a410910ba6",
            "name": "d69964cc-68af-38cd-4b46-96a410910ba6",
            "principal_id": "362240fa-977c-4f01-9f84-58a5afcaba05",
            "principal_type": "ServicePrincipal",
            "role_definition_id": "/subscriptions/17b12858-3960-4e6f-a663-a06fdae23428/providers/Microsoft.Authorization/roleDefinitions/7f951dda-4ed3-4680-a7ca-43fe172d538d",
            "role_definition_name": "AcrPull",
            "scope": "/subscriptions/17b12858-3960-4e6f-a663-a06fdae23428/resourceGroups/rg-aks-cluster/providers/Microsoft.ContainerRegistry/registries/acrforakstf011",
            "skip_service_principal_aad_check": true,
            "timeouts": null
          },
          "sensitive_attributes": [],
          "private": "eyJlMmJmYjczMC1lY2FhLTExZTYtOGY4OC0zNDM2M2JjN2M0YzAiOnsiY3JlYXRlIjoxODAwMDAwMDAwMDAwLCJkZWxldGUiOjE4MDAwMDAwMDAwMDAsInJlYWQiOjMwMDAwMDAwMDAwMCwidXBkYXRlIjoxODAwMDAwMDAwMDAwfX0=",
          "dependencies": [
            "azurerm_container_registry.acr",
            "azurerm_resource_group.rg",
            "azurerm_user_assigned_identity.identity-kubelet"
          ]
        }
      ]
    },
    {
      "mode": "managed",
      "type": "azurerm_subnet",
      "name": "subnetnodes",
      "provider": "provider[\"registry.terraform.io/hashicorp/azurerm\"]",
      "instances": [
        {
          "schema_version": 0,
          "attributes": {
            "address_prefixes": [
              "10.241.0.0/24"
            ],
            "delegation": [],
            "enforce_private_link_endpoint_network_policies": false,
            "enforce_private_link_service_network_policies": false,
            "id": "/subscriptions/17b12858-3960-4e6f-a663-a06fdae23428/resourceGroups/rg-aks-cluster/providers/Microsoft.Network/virtualNetworks/vnet-spoke-aks/subnets/subnet-aks-nodes",
            "name": "subnet-aks-nodes",
            "private_endpoint_network_policies_enabled": true,
            "private_link_service_network_policies_enabled": true,
            "resource_group_name": "rg-aks-cluster",
            "service_endpoint_policy_ids": [],
            "service_endpoints": [],
            "timeouts": null,
            "virtual_network_name": "vnet-spoke-aks"
          },
          "sensitive_attributes": [],
          "private": "eyJlMmJmYjczMC1lY2FhLTExZTYtOGY4OC0zNDM2M2JjN2M0YzAiOnsiY3JlYXRlIjoxODAwMDAwMDAwMDAwLCJkZWxldGUiOjE4MDAwMDAwMDAwMDAsInJlYWQiOjMwMDAwMDAwMDAwMCwidXBkYXRlIjoxODAwMDAwMDAwMDAwfX0=",
          "dependencies": [
            "azurerm_resource_group.rg",
            "azurerm_virtual_network.vnet"
          ]
        }
      ]
    },
    {
      "mode": "managed",
      "type": "azurerm_subnet",
      "name": "subnetpods",
      "provider": "provider[\"registry.terraform.io/hashicorp/azurerm\"]",
      "instances": [
        {
          "schema_version": 0,
          "attributes": {
            "address_prefixes": [
              "10.240.0.0/16"
            ],
            "delegation": [
              {
                "name": "aks-delegation",
                "service_delegation": [
                  {
                    "actions": [
                      "Microsoft.Network/virtualNetworks/subnets/join/action"
                    ],
                    "name": "Microsoft.ContainerService/managedClusters"
                  }
                ]
              }
            ],
            "enforce_private_link_endpoint_network_policies": false,
            "enforce_private_link_service_network_policies": false,
            "id": "/subscriptions/17b12858-3960-4e6f-a663-a06fdae23428/resourceGroups/rg-aks-cluster/providers/Microsoft.Network/virtualNetworks/vnet-spoke-aks/subnets/subnet-aks-pods",
            "name": "subnet-aks-pods",
            "private_endpoint_network_policies_enabled": true,
            "private_link_service_network_policies_enabled": true,
            "resource_group_name": "rg-aks-cluster",
            "service_endpoint_policy_ids": [],
            "service_endpoints": [],
            "timeouts": null,
            "virtual_network_name": "vnet-spoke-aks"
          },
          "sensitive_attributes": [],
          "private": "eyJlMmJmYjczMC1lY2FhLTExZTYtOGY4OC0zNDM2M2JjN2M0YzAiOnsiY3JlYXRlIjoxODAwMDAwMDAwMDAwLCJkZWxldGUiOjE4MDAwMDAwMDAwMDAsInJlYWQiOjMwMDAwMDAwMDAwMCwidXBkYXRlIjoxODAwMDAwMDAwMDAwfX0=",
          "dependencies": [
            "azurerm_resource_group.rg",
            "azurerm_virtual_network.vnet"
          ]
        }
      ]
    },
    {
      "mode": "managed",
      "type": "azurerm_user_assigned_identity",
      "name": "identity-aks",
      "provider": "provider[\"registry.terraform.io/hashicorp/azurerm\"]",
      "instances": [
        {
          "schema_version": 1,
          "attributes": {
            "client_id": "3fff2d93-9d46-4d03-9a98-1606064c54ef",
            "id": "/subscriptions/17b12858-3960-4e6f-a663-a06fdae23428/resourceGroups/rg-aks-cluster/providers/Microsoft.ManagedIdentity/userAssignedIdentities/identity-aks",
            "location": "westeurope",
            "name": "identity-aks",
            "principal_id": "4024bb5f-362d-4f83-8ef1-7a4cdbb73618",
            "resource_group_name": "rg-aks-cluster",
            "tags": {
              "environment": "development",
              "source": "terraform"
            },
            "tenant_id": "558506eb-9459-4ef3-b920-ad55c555e729",
            "timeouts": null
          },
          "sensitive_attributes": [],
          "private": "eyJlMmJmYjczMC1lY2FhLTExZTYtOGY4OC0zNDM2M2JjN2M0YzAiOnsiY3JlYXRlIjoxODAwMDAwMDAwMDAwLCJkZWxldGUiOjE4MDAwMDAwMDAwMDAsInJlYWQiOjMwMDAwMDAwMDAwMCwidXBkYXRlIjoxODAwMDAwMDAwMDAwfSwic2NoZW1hX3ZlcnNpb24iOiIxIn0=",
          "dependencies": [
            "azurerm_resource_group.rg"
          ]
        }
      ]
    },
    {
      "mode": "managed",
      "type": "azurerm_user_assigned_identity",
      "name": "identity-kubelet",
      "provider": "provider[\"registry.terraform.io/hashicorp/azurerm\"]",
      "instances": [
        {
          "schema_version": 1,
          "attributes": {
            "client_id": "4bb200fb-d8fd-4dda-aba4-bbd8c3df94a4",
            "id": "/subscriptions/17b12858-3960-4e6f-a663-a06fdae23428/resourceGroups/rg-aks-cluster/providers/Microsoft.ManagedIdentity/userAssignedIdentities/aks-cluster-agentpool",
            "location": "westeurope",
            "name": "aks-cluster-agentpool",
            "principal_id": "362240fa-977c-4f01-9f84-58a5afcaba05",
            "resource_group_name": "rg-aks-cluster",
            "tags": {
              "environment": "development",
              "source": "terraform"
            },
            "tenant_id": "558506eb-9459-4ef3-b920-ad55c555e729",
            "timeouts": null
          },
          "sensitive_attributes": [],
          "private": "eyJlMmJmYjczMC1lY2FhLTExZTYtOGY4OC0zNDM2M2JjN2M0YzAiOnsiY3JlYXRlIjoxODAwMDAwMDAwMDAwLCJkZWxldGUiOjE4MDAwMDAwMDAwMDAsInJlYWQiOjMwMDAwMDAwMDAwMCwidXBkYXRlIjoxODAwMDAwMDAwMDAwfSwic2NoZW1hX3ZlcnNpb24iOiIxIn0=",
          "dependencies": [
            "azurerm_resource_group.rg"
          ]
        }
      ]
    },
    {
      "mode": "managed",
      "type": "azurerm_virtual_network",
      "name": "vnet",
      "provider": "provider[\"registry.terraform.io/hashicorp/azurerm\"]",
      "instances": [
        {
          "schema_version": 0,
          "attributes": {
            "address_space": [
              "10.0.0.0/8"
            ],
            "bgp_community": "",
            "ddos_protection_plan": [],
            "dns_servers": [],
            "edge_zone": "",
            "flow_timeout_in_minutes": 0,
            "guid": "141b8b41-690b-4094-afe3-217d4407d073",
            "id": "/subscriptions/17b12858-3960-4e6f-a663-a06fdae23428/resourceGroups/rg-aks-cluster/providers/Microsoft.Network/virtualNetworks/vnet-spoke-aks",
            "location": "westeurope",
            "name": "vnet-spoke-aks",
            "resource_group_name": "rg-aks-cluster",
            "subnet": [
              {
                "address_prefix": "10.240.0.0/16",
                "id": "/subscriptions/17b12858-3960-4e6f-a663-a06fdae23428/resourceGroups/rg-aks-cluster/providers/Microsoft.Network/virtualNetworks/vnet-spoke-aks/subnets/subnet-aks-pods",
                "name": "subnet-aks-pods",
                "security_group": ""
              },
              {
                "address_prefix": "10.241.0.0/24",
                "id": "/subscriptions/17b12858-3960-4e6f-a663-a06fdae23428/resourceGroups/rg-aks-cluster/providers/Microsoft.Network/virtualNetworks/vnet-spoke-aks/subnets/subnet-aks-nodes",
                "name": "subnet-aks-nodes",
                "security_group": ""
              }
            ],
            "tags": {
              "environment": "development",
              "source": "terraform"
            },
            "timeouts": null
          },
          "sensitive_attributes": [],
          "private": "eyJlMmJmYjczMC1lY2FhLTExZTYtOGY4OC0zNDM2M2JjN2M0YzAiOnsiY3JlYXRlIjoxODAwMDAwMDAwMDAwLCJkZWxldGUiOjE4MDAwMDAwMDAwMDAsInJlYWQiOjMwMDAwMDAwMDAwMCwidXBkYXRlIjoxODAwMDAwMDAwMDAwfX0=",
          "dependencies": [
            "azurerm_resource_group.rg"
          ],
          "create_before_destroy": true
        }
      ]
    }
  ]
}
