{
  "version": 4,
  "terraform_version": "1.3.1",
  "serial": 1735,
  "lineage": "9268efdd-8273-4738-c0f5-4879d4da320e",
  "outputs": {
    "aks_identity": {
      "value": "",
      "type": "string"
    },
    "aks_oidc_issuer_url": {
      "value": "https://westeurope.oic.prod-aks.azure.com/558506eb-9459-4ef3-b920-ad55c555e729/6aad97ba-4596-48c9-85f7-72aa60b1dc30/",
      "type": "string"
    },
    "aks_portal_fqdn": {
      "value": "e36f04fe49ae8238173ab6c39cf642cb-priv.portal.hcp.westeurope.azmk8s.io",
      "type": "string"
    },
    "aks_private_fqdn": {
      "value": "aks-c81a5ef8.privatelink.westeurope.azmk8s.io",
      "type": "string"
    },
    "aks_public_fqdn": {
      "value": "",
      "type": "string"
    },
    "app_gateway_ip_address": {
      "value": "23.97.140.177",
      "type": "string"
    },
    "client_certificate": {
      "value": "",
      "type": "string",
      "sensitive": true
    },
    "client_key": {
      "value": "",
      "type": "string",
      "sensitive": true
    },
    "cluster_ca_certificate": {
      "value": "LS0tLS1CRUdJTiBDRVJUSUZJQ0FURS0tLS0tCk1JSUU2VENDQXRHZ0F3SUJBZ0lSQU9ScitoM0w4ZzVLanlINk56SU5RS013RFFZSktvWklodmNOQVFFTEJRQXcKRFRFTE1Ba0dBMVVFQXhNQ1kyRXdJQmNOTWpJeE1EQTBNVFUxT1RFeVdoZ1BNakExTWpFd01EUXhOakE1TVRKYQpNQTB4Q3pBSkJnTlZCQU1UQW1OaE1JSUNJakFOQmdrcWhraUc5dzBCQVFFRkFBT0NBZzhBTUlJQ0NnS0NBZ0VBCndaUGdseUJYcW9jSGVJSE1UTm9ydXd1QmNRZ3hHUXl0aDJ3OFJsTU1TN1QwOVBCRzZ1NXAyUVVSUFZYaS9GOW8KVFl4R3hKSExuUS9YMFY0NVdTRElVN0YxdXFIOU5mWTN2TmxjT1NQbm9sclBjU1FpWk5TdVh3MFdBUmhwb04zawp3a0I2KzQyZTFFTDNjSjJmSFRBZmZ2NUZsSGRVMHFIUUNUWEtaMlFuRHQxR0ZTbHlzQ3VrQmlMV2VpelVhQ0RYClJDRDMzb0Q2UEs5VGFDb2JVUkJJZWoyUVoxc1NmVjdWR0EvNTFOdHBpanhXSUI1bTV1Tm0wa3JYVEdnOHRhclgKNEQ0azErek5YSFh6Vm5EYkpscE1nUFBZUVNYZ3cwQ3JiWitkSzlOLzhqczA5L1JLSEF0NEJ6T3k0dHhOOGRLawpZRzJXWE1DK3hSTFJIRlNkRU1HeVljNFVjd3AvSVVvUjBuOHI2ZDUwcVNnbGxtNDVmdzhKVmNwT0RMd3BXMTY5Ck9ZQndvcGRwMTVDOXM3Yi93dXJLRGdzWFdiV1hXaDhBNGJIclM5S3BBT3N4SWhKcEg0NHB3cmg3Vmo5NTVHUkcKTlByQ0krZXozR0FZRDc1M250VjNBczdNZGNiNXRPQW1LYnUwZEQrS1Fpdk1SV3pjTElFbytQa2NCdVo2YWZZagpweDE4TGN1MkY0UUFjanpUdEdwMkp6OXNYeFNiMGNYVXNKbFJiRGpzS1ZnMjJETTBxSVpQZnRpSlZ6QU9zRWpYClMwSzBWajkzdGJBQ0VOYzR1U28yM0lNSm5CZXVjZTFDb2lVcnlyOW5RMm02aGlLNjJ2cmE1V0FtTnhSWjRLVEgKcE44YUNXemxtUUthaEk0RXZIdnE2MkRhM2ptSCs0QmtsdHNWbTJSaDlvY0NBd0VBQWFOQ01FQXdEZ1lEVlIwUApBUUgvQkFRREFnS2tNQThHQTFVZEV3RUIvd1FGTUFNQkFmOHdIUVlEVlIwT0JCWUVGTFh0MlB2R2lIeU1aZ2pZCnhXdm96eGo0bll4Mk1BMEdDU3FHU0liM0RRRUJDd1VBQTRJQ0FRQzgzZ1hpVFNzd2F6SFgydE5HLytnaDZjV3kKNXlmaUZjSUNyYlRzSXc0Q2FObm1EZUhEa01SOC9rN0FCT1ZRNEJ5YmxEZDlVbDA1VlRJYlptd3lsUnNZWGptSgpXdVZncWxDdFNFanA0Z3FrWHBXZlpwZlNveFppNW1oZFNibmxLQnBFMmVBc09vOWtOZEE1cU1CTFVmTUxTRC9oCnI4VUw3elU2MXBjbGFZblJpUHZnNkpJQ0o5YWVjUG8zd0E0UlliRkZlUlM3R2hwZlhFQ0hCdzZTV1h6bGZFUTIKcitNcE9IVUlSYzZIbXh2VmM4RUFCMlhtbnhuYlJ2Z3RjWU53UVp4KzZNY2ZHTys0cVBaRzFwa1JqMGk0QTBaYgpDVzBWWGVHZmhhTDhKWjBKYWJ0aGNQVDVkRVQ2TFNKOEpKWW5OVGNtaEJGeUFGNElNUjVwMjE1dzJkQncxSllBCnAvT0VTYllEWjVqeG5iY3hHT29jd0FsWGx0am9iUXNVMHFuVFVNSU5GOGZHTkp2OXJ4dm5PS2xTRlhlZHZtREwKQytVS1hvZWdXd0xONlF5OUYxb0ZmN0xobkVGU1JBQzJ3SzNJcU4rb09JS1IyMWl0bjl4aVNzRk15V21VM1ppUQpYSHRKc1BnY0tUejQwTi9kY2lDb1dFNkloSTlURTF2TUVNSkZSZUtOOFVNSDFuTWxMbHcrVlA2Y2lGV0hQa1ZFClVhckxSNGttUVFqQ3BNbHVzTVYvaVFTL0NXanVKdVZYblZCM2NUN1hEZXdLQ1dBNXRsL093MGVZTjM5Q1A1K0YKNVpReXEwa0NTT05OUmZ6YnJNNEJPSUh3TlhuZ1pxRGNTazd6b0FnNXhpdXBOZGlJTXROTEhNSUtwT0NZM2NLKwppeU5ydXh2bldMSUV3d291YWc9PQotLS0tLUVORCBDRVJUSUZJQ0FURS0tLS0tCg==",
      "type": "string",
      "sensitive": true
    },
    "cluster_password": {
      "value": "",
      "type": "string",
      "sensitive": true
    },
    "cluster_username": {
      "value": "clusterUser_rg-aks-cluster_aks-cluster",
      "type": "string",
      "sensitive": true
    },
    "host": {
      "value": "https://aks-c81a5ef8.privatelink.westeurope.azmk8s.io:443",
      "type": "string",
      "sensitive": true
    },
    "kube_config": {
      "value": "apiVersion: v1\nclusters:\n- cluster:\n    certificate-authority-data: LS0tLS1CRUdJTiBDRVJUSUZJQ0FURS0tLS0tCk1JSUU2VENDQXRHZ0F3SUJBZ0lSQU9ScitoM0w4ZzVLanlINk56SU5RS013RFFZSktvWklodmNOQVFFTEJRQXcKRFRFTE1Ba0dBMVVFQXhNQ1kyRXdJQmNOTWpJeE1EQTBNVFUxT1RFeVdoZ1BNakExTWpFd01EUXhOakE1TVRKYQpNQTB4Q3pBSkJnTlZCQU1UQW1OaE1JSUNJakFOQmdrcWhraUc5dzBCQVFFRkFBT0NBZzhBTUlJQ0NnS0NBZ0VBCndaUGdseUJYcW9jSGVJSE1UTm9ydXd1QmNRZ3hHUXl0aDJ3OFJsTU1TN1QwOVBCRzZ1NXAyUVVSUFZYaS9GOW8KVFl4R3hKSExuUS9YMFY0NVdTRElVN0YxdXFIOU5mWTN2TmxjT1NQbm9sclBjU1FpWk5TdVh3MFdBUmhwb04zawp3a0I2KzQyZTFFTDNjSjJmSFRBZmZ2NUZsSGRVMHFIUUNUWEtaMlFuRHQxR0ZTbHlzQ3VrQmlMV2VpelVhQ0RYClJDRDMzb0Q2UEs5VGFDb2JVUkJJZWoyUVoxc1NmVjdWR0EvNTFOdHBpanhXSUI1bTV1Tm0wa3JYVEdnOHRhclgKNEQ0azErek5YSFh6Vm5EYkpscE1nUFBZUVNYZ3cwQ3JiWitkSzlOLzhqczA5L1JLSEF0NEJ6T3k0dHhOOGRLawpZRzJXWE1DK3hSTFJIRlNkRU1HeVljNFVjd3AvSVVvUjBuOHI2ZDUwcVNnbGxtNDVmdzhKVmNwT0RMd3BXMTY5Ck9ZQndvcGRwMTVDOXM3Yi93dXJLRGdzWFdiV1hXaDhBNGJIclM5S3BBT3N4SWhKcEg0NHB3cmg3Vmo5NTVHUkcKTlByQ0krZXozR0FZRDc1M250VjNBczdNZGNiNXRPQW1LYnUwZEQrS1Fpdk1SV3pjTElFbytQa2NCdVo2YWZZagpweDE4TGN1MkY0UUFjanpUdEdwMkp6OXNYeFNiMGNYVXNKbFJiRGpzS1ZnMjJETTBxSVpQZnRpSlZ6QU9zRWpYClMwSzBWajkzdGJBQ0VOYzR1U28yM0lNSm5CZXVjZTFDb2lVcnlyOW5RMm02aGlLNjJ2cmE1V0FtTnhSWjRLVEgKcE44YUNXemxtUUthaEk0RXZIdnE2MkRhM2ptSCs0QmtsdHNWbTJSaDlvY0NBd0VBQWFOQ01FQXdEZ1lEVlIwUApBUUgvQkFRREFnS2tNQThHQTFVZEV3RUIvd1FGTUFNQkFmOHdIUVlEVlIwT0JCWUVGTFh0MlB2R2lIeU1aZ2pZCnhXdm96eGo0bll4Mk1BMEdDU3FHU0liM0RRRUJDd1VBQTRJQ0FRQzgzZ1hpVFNzd2F6SFgydE5HLytnaDZjV3kKNXlmaUZjSUNyYlRzSXc0Q2FObm1EZUhEa01SOC9rN0FCT1ZRNEJ5YmxEZDlVbDA1VlRJYlptd3lsUnNZWGptSgpXdVZncWxDdFNFanA0Z3FrWHBXZlpwZlNveFppNW1oZFNibmxLQnBFMmVBc09vOWtOZEE1cU1CTFVmTUxTRC9oCnI4VUw3elU2MXBjbGFZblJpUHZnNkpJQ0o5YWVjUG8zd0E0UlliRkZlUlM3R2hwZlhFQ0hCdzZTV1h6bGZFUTIKcitNcE9IVUlSYzZIbXh2VmM4RUFCMlhtbnhuYlJ2Z3RjWU53UVp4KzZNY2ZHTys0cVBaRzFwa1JqMGk0QTBaYgpDVzBWWGVHZmhhTDhKWjBKYWJ0aGNQVDVkRVQ2TFNKOEpKWW5OVGNtaEJGeUFGNElNUjVwMjE1dzJkQncxSllBCnAvT0VTYllEWjVqeG5iY3hHT29jd0FsWGx0am9iUXNVMHFuVFVNSU5GOGZHTkp2OXJ4dm5PS2xTRlhlZHZtREwKQytVS1hvZWdXd0xONlF5OUYxb0ZmN0xobkVGU1JBQzJ3SzNJcU4rb09JS1IyMWl0bjl4aVNzRk15V21VM1ppUQpYSHRKc1BnY0tUejQwTi9kY2lDb1dFNkloSTlURTF2TUVNSkZSZUtOOFVNSDFuTWxMbHcrVlA2Y2lGV0hQa1ZFClVhckxSNGttUVFqQ3BNbHVzTVYvaVFTL0NXanVKdVZYblZCM2NUN1hEZXdLQ1dBNXRsL093MGVZTjM5Q1A1K0YKNVpReXEwa0NTT05OUmZ6YnJNNEJPSUh3TlhuZ1pxRGNTazd6b0FnNXhpdXBOZGlJTXROTEhNSUtwT0NZM2NLKwppeU5ydXh2bldMSUV3d291YWc9PQotLS0tLUVORCBDRVJUSUZJQ0FURS0tLS0tCg==\n    server: https://aks-c81a5ef8.privatelink.westeurope.azmk8s.io:443\n  name: aks-cluster\ncontexts:\n- context:\n    cluster: aks-cluster\n    user: clusterUser_rg-aks-cluster_aks-cluster\n  name: aks-cluster\ncurrent-context: aks-cluster\nkind: Config\npreferences: {}\nusers:\n- name: clusterUser_rg-aks-cluster_aks-cluster\n  user:\n    exec:\n      apiVersion: client.authentication.k8s.io/v1beta1\n      args:\n      - get-token\n      - --environment\n      - AzurePublicCloud\n      - --server-id\n      - 6dae42f8-4368-4678-94ff-3960e28e3630\n      - --client-id\n      - 80faf920-1908-4b52-b5ef-a8e7bedfc67a\n      - --tenant-id\n      - 558506eb-9459-4ef3-b920-ad55c555e729\n      - --login\n      - devicecode\n      command: kubelogin\n      env: null\n      provideClusterInfo: false\n",
      "type": "string",
      "sensitive": true
    },
    "nat_gateway_ip_address": {
      "value": "20.123.212.74",
      "type": "string"
    },
    "private_dns_zone_aks_id": {
      "value": "/subscriptions/59d574d4-1c03-4092-ab22-312ed594eec9/resourceGroups/rg-aks-cluster/providers/Microsoft.Network/privateDnsZones/privatelink.westeurope.azmk8s.io",
      "type": "string"
    },
    "private_dns_zone_aks_name": {
      "value": "privatelink.westeurope.azmk8s.io",
      "type": "string"
    },
    "rg_aks": {
      "value": "rg-aks-cluster",
      "type": "string"
    },
    "rg_aks_nodes": {
      "value": "rg-aks-cluster-managed",
      "type": "string"
    }
  },
  "resources": [
    {
      "mode": "data",
      "type": "azuread_client_config",
      "name": "current",
      "provider": "provider[\"registry.terraform.io/hashicorp/azuread\"]",
      "instances": [
        {
          "schema_version": 0,
          "attributes": {
            "client_id": "04b07795-8ddb-461a-bbee-02f9e1bf7b46",
            "id": "72f988bf-86f1-41af-91ab-2d7cd011db47-04b07795-8ddb-461a-bbee-02f9e1bf7b46-9c1706eb-db28-4105-b993-f93a83f974b8",
            "object_id": "9c1706eb-db28-4105-b993-f93a83f974b8",
            "tenant_id": "72f988bf-86f1-41af-91ab-2d7cd011db47",
            "timeouts": null
          },
          "sensitive_attributes": []
        }
      ]
    },
    {
      "mode": "data",
      "type": "azuread_service_principal",
      "name": "aks_aad_server",
      "provider": "provider[\"registry.terraform.io/hashicorp/azuread\"]",
      "instances": [
        {
          "schema_version": 0,
          "attributes": {
            "account_enabled": true,
            "alternative_names": [],
            "app_role_assignment_required": false,
            "app_role_ids": {},
            "app_roles": [],
            "application_id": "6dae42f8-4368-4678-94ff-3960e28e3630",
            "application_tenant_id": "f8cdef31-a31e-4b4a-93e4-5f571e91255a",
            "description": "",
            "display_name": "Azure Kubernetes Service AAD Server",
            "feature_tags": [
              {
                "custom_single_sign_on": false,
                "enterprise": false,
                "gallery": false,
                "hide": false
              }
            ],
            "features": [
              {
                "custom_single_sign_on_app": false,
                "enterprise_application": false,
                "gallery_application": false,
                "visible_to_users": true
              }
            ],
            "homepage_url": "",
            "id": "3c57c874-aa9d-443a-ba5c-8865363033c2",
            "login_url": "",
            "logout_url": "",
            "notes": "",
            "notification_email_addresses": [],
            "oauth2_permission_scope_ids": {
              "user.read": "34a47c2f-cd0d-47b4-a93c-2c41130c671c"
            },
            "oauth2_permission_scopes": [
              {
                "admin_consent_description": "this allows to read user profile",
                "admin_consent_display_name": "user.read",
                "enabled": true,
                "id": "34a47c2f-cd0d-47b4-a93c-2c41130c671c",
                "type": "User",
                "user_consent_description": "this allows to read user profile",
                "user_consent_display_name": "user.read",
                "value": "user.read"
              }
            ],
            "object_id": "3c57c874-aa9d-443a-ba5c-8865363033c2",
            "preferred_single_sign_on_mode": "",
            "redirect_uris": [],
            "saml_metadata_url": "",
            "saml_single_sign_on": [],
            "service_principal_names": [
              "https://aks-aad-server.azure.com"
            ],
            "sign_in_audience": "AzureADMultipleOrgs",
            "tags": [],
            "timeouts": null,
            "type": "Application"
          },
          "sensitive_attributes": []
        }
      ]
    },
    {
      "mode": "data",
      "type": "azurerm_client_config",
      "name": "current",
      "provider": "provider[\"registry.terraform.io/hashicorp/azurerm\"]",
      "instances": [
        {
          "schema_version": 0,
          "attributes": {
            "client_id": "04b07795-8ddb-461a-bbee-02f9e1bf7b46",
            "id": "Y2xpZW50Q29uZmlncy9jbGllbnRJZD0wNGIwNzc5NS04ZGRiLTQ2MWEtYmJlZS0wMmY5ZTFiZjdiNDY7b2JqZWN0SWQ9OWMxNzA2ZWItZGIyOC00MTA1LWI5OTMtZjkzYTgzZjk3NGI4O3N1YnNjcmlwdGlvbklkPTU5ZDU3NGQ0LTFjMDMtNDA5Mi1hYjIyLTMxMmVkNTk0ZWVjOTt0ZW5hbnRJZD01NTg1MDZlYi05NDU5LTRlZjMtYjkyMC1hZDU1YzU1NWU3Mjk=",
            "object_id": "9c1706eb-db28-4105-b993-f93a83f974b8",
            "subscription_id": "59d574d4-1c03-4092-ab22-312ed594eec9",
            "tenant_id": "558506eb-9459-4ef3-b920-ad55c555e729",
            "timeouts": null
          },
          "sensitive_attributes": []
        }
      ]
    },
    {
      "mode": "data",
      "type": "azurerm_kubernetes_service_versions",
      "name": "current",
      "provider": "provider[\"registry.terraform.io/hashicorp/azurerm\"]",
      "instances": [
        {
          "schema_version": 0,
          "attributes": {
            "id": "/subscriptions/59d574d4-1c03-4092-ab22-312ed594eec9/providers/Microsoft.ContainerService/locations/westeurope/orchestrators",
            "include_preview": true,
            "latest_version": "1.24.3",
            "location": "westeurope",
            "timeouts": null,
            "version_prefix": null,
            "versions": [
              "1.22.6",
              "1.22.11",
              "1.23.5",
              "1.23.8",
              "1.24.0",
              "1.24.3"
            ]
          },
          "sensitive_attributes": []
        }
      ]
    },
    {
      "mode": "data",
      "type": "azurerm_subscription",
      "name": "current",
      "provider": "provider[\"registry.terraform.io/hashicorp/azurerm\"]",
      "instances": [
        {
          "schema_version": 0,
          "attributes": {
            "display_name": "Microsoft-Azure-6",
            "id": "/subscriptions/59d574d4-1c03-4092-ab22-312ed594eec9",
            "location_placement_id": "Public_2014-09-01",
            "quota_id": "MSDN_2014-09-01",
            "spending_limit": "On",
            "state": "Enabled",
            "subscription_id": "59d574d4-1c03-4092-ab22-312ed594eec9",
            "tags": {},
            "tenant_id": "558506eb-9459-4ef3-b920-ad55c555e729",
            "timeouts": null
          },
          "sensitive_attributes": []
        }
      ]
    },
    {
      "mode": "managed",
      "type": "azapi_update_resource",
      "name": "aks_api_vnet_integration",
      "provider": "provider[\"registry.terraform.io/azure/azapi\"]",
      "instances": []
    },
    {
      "mode": "managed",
      "type": "azuread_group",
      "name": "aks_admins",
      "provider": "provider[\"registry.terraform.io/hashicorp/azuread\"]",
      "instances": []
    },
    {
      "mode": "managed",
      "type": "azurerm_application_gateway",
      "name": "appgw",
      "provider": "provider[\"registry.terraform.io/hashicorp/azurerm\"]",
      "instances": [
        {
          "index_key": 0,
          "schema_version": 0,
          "attributes": {
            "authentication_certificate": [],
            "autoscale_configuration": [],
            "backend_address_pool": [
              {
                "fqdns": [],
                "id": "/subscriptions/59d574d4-1c03-4092-ab22-312ed594eec9/resourceGroups/rg-aks-cluster/providers/Microsoft.Network/applicationGateways/appgw-aks/backendAddressPools/vnet-spoke-beap",
                "ip_addresses": [],
                "name": "vnet-spoke-beap"
              }
            ],
            "backend_http_settings": [
              {
                "affinity_cookie_name": "",
                "authentication_certificate": [],
                "connection_draining": [],
                "cookie_based_affinity": "Disabled",
                "host_name": "",
                "id": "/subscriptions/59d574d4-1c03-4092-ab22-312ed594eec9/resourceGroups/rg-aks-cluster/providers/Microsoft.Network/applicationGateways/appgw-aks/backendHttpSettingsCollection/vnet-spoke-be-htst",
                "name": "vnet-spoke-be-htst",
                "path": "",
                "pick_host_name_from_backend_address": false,
                "port": 80,
                "probe_id": "",
                "probe_name": "",
                "protocol": "Http",
                "request_timeout": 1,
                "trusted_root_certificate_names": []
              }
            ],
            "custom_error_configuration": [],
            "enable_http2": false,
            "fips_enabled": false,
            "firewall_policy_id": null,
            "force_firewall_policy_association": false,
            "frontend_ip_configuration": [
              {
                "id": "/subscriptions/59d574d4-1c03-4092-ab22-312ed594eec9/resourceGroups/rg-aks-cluster/providers/Microsoft.Network/applicationGateways/appgw-aks/frontendIPConfigurations/vnet-spoke-feip",
                "name": "vnet-spoke-feip",
                "private_ip_address": "",
                "private_ip_address_allocation": "Dynamic",
                "private_link_configuration_id": "",
                "private_link_configuration_name": "",
                "public_ip_address_id": "/subscriptions/59d574d4-1c03-4092-ab22-312ed594eec9/resourceGroups/rg-aks-cluster/providers/Microsoft.Network/publicIPAddresses/public-ip-appgw",
                "subnet_id": ""
              }
            ],
            "frontend_port": [
              {
                "id": "/subscriptions/59d574d4-1c03-4092-ab22-312ed594eec9/resourceGroups/rg-aks-cluster/providers/Microsoft.Network/applicationGateways/appgw-aks/frontendPorts/httpsPort",
                "name": "httpsPort",
                "port": 443
              },
              {
                "id": "/subscriptions/59d574d4-1c03-4092-ab22-312ed594eec9/resourceGroups/rg-aks-cluster/providers/Microsoft.Network/applicationGateways/appgw-aks/frontendPorts/vnet-spoke-feport",
                "name": "vnet-spoke-feport",
                "port": 80
              }
            ],
            "gateway_ip_configuration": [
              {
                "id": "/subscriptions/59d574d4-1c03-4092-ab22-312ed594eec9/resourceGroups/rg-aks-cluster/providers/Microsoft.Network/applicationGateways/appgw-aks/gatewayIPConfigurations/appGatewayIpConfig",
                "name": "appGatewayIpConfig",
                "subnet_id": "/subscriptions/59d574d4-1c03-4092-ab22-312ed594eec9/resourceGroups/rg-aks-cluster/providers/Microsoft.Network/virtualNetworks/vnet-spoke/subnets/subnet-appgw"
              }
            ],
            "global": [],
            "http_listener": [
              {
                "custom_error_configuration": [],
                "firewall_policy_id": "",
                "frontend_ip_configuration_id": "/subscriptions/59d574d4-1c03-4092-ab22-312ed594eec9/resourceGroups/rg-aks-cluster/providers/Microsoft.Network/applicationGateways/appgw-aks/frontendIPConfigurations/vnet-spoke-feip",
                "frontend_ip_configuration_name": "vnet-spoke-feip",
                "frontend_port_id": "/subscriptions/59d574d4-1c03-4092-ab22-312ed594eec9/resourceGroups/rg-aks-cluster/providers/Microsoft.Network/applicationGateways/appgw-aks/frontendPorts/vnet-spoke-feport",
                "frontend_port_name": "vnet-spoke-feport",
                "host_name": "",
                "host_names": [],
                "id": "/subscriptions/59d574d4-1c03-4092-ab22-312ed594eec9/resourceGroups/rg-aks-cluster/providers/Microsoft.Network/applicationGateways/appgw-aks/httpListeners/vnet-spoke-httplstn",
                "name": "vnet-spoke-httplstn",
                "protocol": "Http",
                "require_sni": false,
                "ssl_certificate_id": "",
                "ssl_certificate_name": "",
                "ssl_profile_id": "",
                "ssl_profile_name": ""
              }
            ],
            "id": "/subscriptions/59d574d4-1c03-4092-ab22-312ed594eec9/resourceGroups/rg-aks-cluster/providers/Microsoft.Network/applicationGateways/appgw-aks",
            "identity": [],
            "location": "westeurope",
            "name": "appgw-aks",
            "private_endpoint_connection": [],
            "private_link_configuration": [],
            "probe": [],
            "redirect_configuration": [],
            "request_routing_rule": [
              {
                "backend_address_pool_id": "/subscriptions/59d574d4-1c03-4092-ab22-312ed594eec9/resourceGroups/rg-aks-cluster/providers/Microsoft.Network/applicationGateways/appgw-aks/backendAddressPools/vnet-spoke-beap",
                "backend_address_pool_name": "vnet-spoke-beap",
                "backend_http_settings_id": "/subscriptions/59d574d4-1c03-4092-ab22-312ed594eec9/resourceGroups/rg-aks-cluster/providers/Microsoft.Network/applicationGateways/appgw-aks/backendHttpSettingsCollection/vnet-spoke-be-htst",
                "backend_http_settings_name": "vnet-spoke-be-htst",
                "http_listener_id": "/subscriptions/59d574d4-1c03-4092-ab22-312ed594eec9/resourceGroups/rg-aks-cluster/providers/Microsoft.Network/applicationGateways/appgw-aks/httpListeners/vnet-spoke-httplstn",
                "http_listener_name": "vnet-spoke-httplstn",
                "id": "/subscriptions/59d574d4-1c03-4092-ab22-312ed594eec9/resourceGroups/rg-aks-cluster/providers/Microsoft.Network/applicationGateways/appgw-aks/requestRoutingRules/vnet-spoke-rqrt",
                "name": "vnet-spoke-rqrt",
                "priority": 10000,
                "redirect_configuration_id": "",
                "redirect_configuration_name": "",
                "rewrite_rule_set_id": "",
                "rewrite_rule_set_name": "",
                "rule_type": "Basic",
                "url_path_map_id": "",
                "url_path_map_name": ""
              }
            ],
            "resource_group_name": "rg-aks-cluster",
            "rewrite_rule_set": [],
            "sku": [
              {
                "capacity": 2,
                "name": "Standard_v2",
                "tier": "Standard_v2"
              }
            ],
            "ssl_certificate": [],
            "ssl_policy": [
              {
                "cipher_suites": [],
                "disabled_protocols": [],
                "min_protocol_version": "",
                "policy_name": "AppGwSslPolicy20150501",
                "policy_type": "Predefined"
              }
            ],
            "ssl_profile": [],
            "tags": {
              "environment": "development",
              "source": "terraform"
            },
            "timeouts": null,
            "trusted_client_certificate": [],
            "trusted_root_certificate": [],
            "url_path_map": [],
            "waf_configuration": [],
            "zones": []
          },
          "sensitive_attributes": [],
          "private": "eyJlMmJmYjczMC1lY2FhLTExZTYtOGY4OC0zNDM2M2JjN2M0YzAiOnsiY3JlYXRlIjo1NDAwMDAwMDAwMDAwLCJkZWxldGUiOjU0MDAwMDAwMDAwMDAsInJlYWQiOjMwMDAwMDAwMDAwMCwidXBkYXRlIjo1NDAwMDAwMDAwMDAwfX0=",
          "dependencies": [
            "azurerm_public_ip.appgw_pip",
            "azurerm_resource_group.rg_aks",
            "azurerm_subnet.subnet_appgw",
            "azurerm_virtual_network.vnet_spoke"
          ],
          "create_before_destroy": true
        }
      ]
    },
    {
      "mode": "managed",
      "type": "azurerm_container_registry",
      "name": "acr",
      "provider": "provider[\"registry.terraform.io/hashicorp/azurerm\"]",
      "instances": [
        {
          "schema_version": 2,
          "attributes": {
            "admin_enabled": false,
            "admin_password": "",
            "admin_username": "",
            "anonymous_pull_enabled": false,
            "data_endpoint_enabled": false,
            "encryption": [
              {
                "enabled": false,
                "identity_client_id": "",
                "key_vault_key_id": ""
              }
            ],
            "export_policy_enabled": true,
            "georeplications": [],
            "id": "/subscriptions/59d574d4-1c03-4092-ab22-312ed594eec9/resourceGroups/rg-spoke/providers/Microsoft.ContainerRegistry/registries/acrforakstf0111",
            "identity": [],
            "location": "westeurope",
            "login_server": "acrforakstf0111.azurecr.io",
            "name": "acrforakstf0111",
            "network_rule_bypass_option": "AzureServices",
            "network_rule_set": [
              {
                "default_action": "Allow",
                "ip_rule": [],
                "virtual_network": []
              }
            ],
            "public_network_access_enabled": true,
            "quarantine_policy_enabled": false,
            "resource_group_name": "rg-spoke",
            "retention_policy": [
              {
                "days": 7,
                "enabled": false
              }
            ],
            "sku": "Premium",
            "tags": {
              "environment": "development",
              "source": "terraform"
            },
            "timeouts": null,
            "trust_policy": [
              {
                "enabled": false
              }
            ],
            "zone_redundancy_enabled": false
          },
          "sensitive_attributes": [],
          "private": "eyJlMmJmYjczMC1lY2FhLTExZTYtOGY4OC0zNDM2M2JjN2M0YzAiOnsiY3JlYXRlIjoxODAwMDAwMDAwMDAwLCJkZWxldGUiOjE4MDAwMDAwMDAwMDAsInJlYWQiOjMwMDAwMDAwMDAwMCwidXBkYXRlIjoxODAwMDAwMDAwMDAwfSwic2NoZW1hX3ZlcnNpb24iOiIyIn0=",
          "dependencies": [
            "azurerm_resource_group.rg_spoke"
          ]
        }
      ]
    },
    {
      "mode": "managed",
      "type": "azurerm_firewall",
      "name": "firewall",
      "provider": "provider[\"registry.terraform.io/hashicorp/azurerm\"].subscription_hub",
      "instances": [
        {
          "schema_version": 0,
          "attributes": {
            "dns_servers": [],
            "firewall_policy_id": null,
            "id": "/subscriptions/4b72ed90-7ca3-4e76-8d0f-31a2c0bee7a3/resourceGroups/rg-hub/providers/Microsoft.Network/azureFirewalls/firewall-hub",
            "ip_configuration": [
              {
                "name": "configuration",
                "private_ip_address": "172.17.0.4",
                "public_ip_address_id": "/subscriptions/4b72ed90-7ca3-4e76-8d0f-31a2c0bee7a3/resourceGroups/rg-hub/providers/Microsoft.Network/publicIPAddresses/public-ip-firewall",
                "subnet_id": "/subscriptions/4b72ed90-7ca3-4e76-8d0f-31a2c0bee7a3/resourceGroups/rg-hub/providers/Microsoft.Network/virtualNetworks/vnet-hub/subnets/AzureFirewallSubnet"
              }
            ],
            "location": "westeurope",
            "management_ip_configuration": [],
            "name": "firewall-hub",
            "private_ip_ranges": [],
            "resource_group_name": "rg-hub",
            "sku_name": "AZFW_VNet",
            "sku_tier": "Standard",
            "tags": {},
            "threat_intel_mode": "Alert",
            "timeouts": null,
            "virtual_hub": [],
            "zones": []
          },
          "sensitive_attributes": [],
          "private": "eyJlMmJmYjczMC1lY2FhLTExZTYtOGY4OC0zNDM2M2JjN2M0YzAiOnsiY3JlYXRlIjo1NDAwMDAwMDAwMDAwLCJkZWxldGUiOjU0MDAwMDAwMDAwMDAsInJlYWQiOjMwMDAwMDAwMDAwMCwidXBkYXRlIjo1NDAwMDAwMDAwMDAwfX0=",
          "dependencies": [
            "azurerm_public_ip.public_ip_firewall",
            "azurerm_resource_group.rg_hub",
            "azurerm_subnet.subnet_firewall",
            "azurerm_virtual_network.vnet_hub"
          ]
        }
      ]
    },
    {
      "mode": "managed",
      "type": "azurerm_key_vault",
      "name": "kv",
      "provider": "provider[\"registry.terraform.io/hashicorp/azurerm\"]",
      "instances": [
        {
          "index_key": 0,
          "status": "tainted",
          "schema_version": 2,
          "attributes": {
            "access_policy": [],
            "contact": [],
            "enable_rbac_authorization": true,
            "enabled_for_deployment": false,
            "enabled_for_disk_encryption": false,
            "enabled_for_template_deployment": false,
            "id": "/subscriptions/59d574d4-1c03-4092-ab22-312ed594eec9/resourceGroups/rg-aks-cluster/providers/Microsoft.KeyVault/vaults/kvforaks0113",
            "location": "westeurope",
            "name": "kvforaks0113",
            "network_acls": [
              {
                "bypass": "AzureServices",
                "default_action": "Allow",
                "ip_rules": [],
                "virtual_network_subnet_ids": []
              }
            ],
            "public_network_access_enabled": true,
            "purge_protection_enabled": false,
            "resource_group_name": "rg-aks-cluster",
            "sku_name": "standard",
            "soft_delete_retention_days": 7,
            "tags": {
              "environment": "development",
              "source": "terraform"
            },
            "tenant_id": "558506eb-9459-4ef3-b920-ad55c555e729",
            "timeouts": null,
            "vault_uri": "https://kvforaks0113.vault.azure.net/"
          },
          "sensitive_attributes": [],
          "private": "eyJlMmJmYjczMC1lY2FhLTExZTYtOGY4OC0zNDM2M2JjN2M0YzAiOnsiY3JlYXRlIjoxODAwMDAwMDAwMDAwLCJkZWxldGUiOjE4MDAwMDAwMDAwMDAsInJlYWQiOjMwMDAwMDAwMDAwMCwidXBkYXRlIjoxODAwMDAwMDAwMDAwfSwic2NoZW1hX3ZlcnNpb24iOiIyIn0=",
          "dependencies": [
            "azurerm_resource_group.rg_aks",
            "data.azurerm_client_config.current"
          ]
        }
      ]
    },
    {
      "mode": "managed",
      "type": "azurerm_key_vault_secret",
      "name": "secret",
      "provider": "provider[\"registry.terraform.io/hashicorp/azurerm\"]",
      "instances": []
    },
    {
      "mode": "managed",
      "type": "azurerm_kubernetes_cluster",
      "name": "aks",
      "provider": "provider[\"registry.terraform.io/hashicorp/azurerm\"]",
      "instances": [
        {
          "schema_version": 2,
          "attributes": {
            "aci_connector_linux": [],
            "api_server_authorized_ip_ranges": [],
            "auto_scaler_profile": [
              {
                "balance_similar_node_groups": false,
                "empty_bulk_delete_max": "10",
                "expander": "random",
                "max_graceful_termination_sec": "600",
                "max_node_provisioning_time": "15m",
                "max_unready_nodes": 3,
                "max_unready_percentage": 45,
                "new_pod_scale_up_delay": "0s",
                "scale_down_delay_after_add": "10m",
                "scale_down_delay_after_delete": "10s",
                "scale_down_delay_after_failure": "3m",
                "scale_down_unneeded": "10m",
                "scale_down_unready": "20m",
                "scale_down_utilization_threshold": "0.5",
                "scan_interval": "10s",
                "skip_nodes_with_local_storage": false,
                "skip_nodes_with_system_pods": true
              }
            ],
            "automatic_channel_upgrade": "node-image",
            "azure_active_directory_role_based_access_control": [
              {
                "admin_group_object_ids": [],
                "azure_rbac_enabled": true,
                "client_app_id": "",
                "managed": true,
                "server_app_id": "",
                "server_app_secret": "",
                "tenant_id": "558506eb-9459-4ef3-b920-ad55c555e729"
              }
            ],
            "azure_policy_enabled": true,
            "default_node_pool": [
              {
                "capacity_reservation_group_id": "",
                "enable_auto_scaling": true,
                "enable_host_encryption": false,
                "enable_node_public_ip": false,
                "fips_enabled": false,
                "host_group_id": "",
                "kubelet_config": [],
                "kubelet_disk_type": "OS",
                "linux_os_config": [],
                "max_count": 2,
                "max_pods": 110,
                "min_count": 1,
                "name": "poolsystem",
                "node_count": 2,
                "node_labels": {},
                "node_public_ip_prefix_id": "",
                "node_taints": [],
                "only_critical_addons_enabled": true,
                "orchestrator_version": "",
                "os_disk_size_gb": 40,
                "os_disk_type": "Ephemeral",
                "os_sku": "Ubuntu",
                "pod_subnet_id": "/subscriptions/59d574d4-1c03-4092-ab22-312ed594eec9/resourceGroups/rg-aks-cluster/providers/Microsoft.Network/virtualNetworks/vnet-spoke/subnets/subnet-aks-pods",
                "proximity_placement_group_id": "",
                "tags": {
                  "environment": "development",
                  "source": "terraform"
                },
                "type": "VirtualMachineScaleSets",
                "ultra_ssd_enabled": false,
                "upgrade_settings": [],
                "vm_size": "Standard_D2ds_v5",
                "vnet_subnet_id": "/subscriptions/59d574d4-1c03-4092-ab22-312ed594eec9/resourceGroups/rg-aks-cluster/providers/Microsoft.Network/virtualNetworks/vnet-spoke/subnets/subnet-aks-nodes",
                "zones": [
                  "1",
                  "2",
                  "3"
                ]
              }
            ],
            "disk_encryption_set_id": "",
            "dns_prefix": "aks",
            "dns_prefix_private_cluster": "",
            "edge_zone": "",
            "enable_pod_security_policy": false,
            "fqdn": "",
            "http_application_routing_enabled": false,
            "http_application_routing_zone_name": "",
            "http_proxy_config": [],
            "id": "/subscriptions/59d574d4-1c03-4092-ab22-312ed594eec9/resourceGroups/rg-aks-cluster/providers/Microsoft.ContainerService/managedClusters/aks-cluster",
            "identity": [
              {
                "identity_ids": [
                  "/subscriptions/59d574d4-1c03-4092-ab22-312ed594eec9/resourceGroups/rg-aks-cluster/providers/Microsoft.ManagedIdentity/userAssignedIdentities/identity_aks"
                ],
                "principal_id": "",
                "tenant_id": "",
                "type": "UserAssigned"
              }
            ],
            "ingress_application_gateway": [
              {
                "effective_gateway_id": "/subscriptions/59d574d4-1c03-4092-ab22-312ed594eec9/resourceGroups/rg-aks-cluster/providers/Microsoft.Network/applicationGateways/appgw-aks",
                "gateway_id": "/subscriptions/59d574d4-1c03-4092-ab22-312ed594eec9/resourceGroups/rg-aks-cluster/providers/Microsoft.Network/applicationGateways/appgw-aks",
                "gateway_name": "",
                "ingress_application_gateway_identity": [
                  {
                    "client_id": "a73a9c72-9d72-4974-8d86-36fb3bffdaed",
                    "object_id": "1363ede5-932e-4c96-a30c-fd17cb329b38",
                    "user_assigned_identity_id": "/subscriptions/59d574d4-1c03-4092-ab22-312ed594eec9/resourcegroups/rg-aks-cluster-managed/providers/Microsoft.ManagedIdentity/userAssignedIdentities/ingressapplicationgateway-aks-cluster"
                  }
                ],
                "subnet_cidr": "",
                "subnet_id": ""
              }
            ],
            "key_vault_secrets_provider": [
              {
                "secret_identity": [
                  {
                    "client_id": "b7ce5e43-478e-4ca0-bf95-85600857b2d1",
                    "object_id": "b28ae8d2-43c1-46c8-9c13-2a137b49b85c",
                    "user_assigned_identity_id": "/subscriptions/59d574d4-1c03-4092-ab22-312ed594eec9/resourcegroups/rg-aks-cluster-managed/providers/Microsoft.ManagedIdentity/userAssignedIdentities/azurekeyvaultsecretsprovider-aks-cluster"
                  }
                ],
                "secret_rotation_enabled": true,
                "secret_rotation_interval": "2m"
              }
            ],
            "kube_admin_config": [],
            "kube_admin_config_raw": "",
            "kube_config": [
              {
                "client_certificate": "",
                "client_key": "",
                "cluster_ca_certificate": "LS0tLS1CRUdJTiBDRVJUSUZJQ0FURS0tLS0tCk1JSUU2VENDQXRHZ0F3SUJBZ0lSQU9ScitoM0w4ZzVLanlINk56SU5RS013RFFZSktvWklodmNOQVFFTEJRQXcKRFRFTE1Ba0dBMVVFQXhNQ1kyRXdJQmNOTWpJeE1EQTBNVFUxT1RFeVdoZ1BNakExTWpFd01EUXhOakE1TVRKYQpNQTB4Q3pBSkJnTlZCQU1UQW1OaE1JSUNJakFOQmdrcWhraUc5dzBCQVFFRkFBT0NBZzhBTUlJQ0NnS0NBZ0VBCndaUGdseUJYcW9jSGVJSE1UTm9ydXd1QmNRZ3hHUXl0aDJ3OFJsTU1TN1QwOVBCRzZ1NXAyUVVSUFZYaS9GOW8KVFl4R3hKSExuUS9YMFY0NVdTRElVN0YxdXFIOU5mWTN2TmxjT1NQbm9sclBjU1FpWk5TdVh3MFdBUmhwb04zawp3a0I2KzQyZTFFTDNjSjJmSFRBZmZ2NUZsSGRVMHFIUUNUWEtaMlFuRHQxR0ZTbHlzQ3VrQmlMV2VpelVhQ0RYClJDRDMzb0Q2UEs5VGFDb2JVUkJJZWoyUVoxc1NmVjdWR0EvNTFOdHBpanhXSUI1bTV1Tm0wa3JYVEdnOHRhclgKNEQ0azErek5YSFh6Vm5EYkpscE1nUFBZUVNYZ3cwQ3JiWitkSzlOLzhqczA5L1JLSEF0NEJ6T3k0dHhOOGRLawpZRzJXWE1DK3hSTFJIRlNkRU1HeVljNFVjd3AvSVVvUjBuOHI2ZDUwcVNnbGxtNDVmdzhKVmNwT0RMd3BXMTY5Ck9ZQndvcGRwMTVDOXM3Yi93dXJLRGdzWFdiV1hXaDhBNGJIclM5S3BBT3N4SWhKcEg0NHB3cmg3Vmo5NTVHUkcKTlByQ0krZXozR0FZRDc1M250VjNBczdNZGNiNXRPQW1LYnUwZEQrS1Fpdk1SV3pjTElFbytQa2NCdVo2YWZZagpweDE4TGN1MkY0UUFjanpUdEdwMkp6OXNYeFNiMGNYVXNKbFJiRGpzS1ZnMjJETTBxSVpQZnRpSlZ6QU9zRWpYClMwSzBWajkzdGJBQ0VOYzR1U28yM0lNSm5CZXVjZTFDb2lVcnlyOW5RMm02aGlLNjJ2cmE1V0FtTnhSWjRLVEgKcE44YUNXemxtUUthaEk0RXZIdnE2MkRhM2ptSCs0QmtsdHNWbTJSaDlvY0NBd0VBQWFOQ01FQXdEZ1lEVlIwUApBUUgvQkFRREFnS2tNQThHQTFVZEV3RUIvd1FGTUFNQkFmOHdIUVlEVlIwT0JCWUVGTFh0MlB2R2lIeU1aZ2pZCnhXdm96eGo0bll4Mk1BMEdDU3FHU0liM0RRRUJDd1VBQTRJQ0FRQzgzZ1hpVFNzd2F6SFgydE5HLytnaDZjV3kKNXlmaUZjSUNyYlRzSXc0Q2FObm1EZUhEa01SOC9rN0FCT1ZRNEJ5YmxEZDlVbDA1VlRJYlptd3lsUnNZWGptSgpXdVZncWxDdFNFanA0Z3FrWHBXZlpwZlNveFppNW1oZFNibmxLQnBFMmVBc09vOWtOZEE1cU1CTFVmTUxTRC9oCnI4VUw3elU2MXBjbGFZblJpUHZnNkpJQ0o5YWVjUG8zd0E0UlliRkZlUlM3R2hwZlhFQ0hCdzZTV1h6bGZFUTIKcitNcE9IVUlSYzZIbXh2VmM4RUFCMlhtbnhuYlJ2Z3RjWU53UVp4KzZNY2ZHTys0cVBaRzFwa1JqMGk0QTBaYgpDVzBWWGVHZmhhTDhKWjBKYWJ0aGNQVDVkRVQ2TFNKOEpKWW5OVGNtaEJGeUFGNElNUjVwMjE1dzJkQncxSllBCnAvT0VTYllEWjVqeG5iY3hHT29jd0FsWGx0am9iUXNVMHFuVFVNSU5GOGZHTkp2OXJ4dm5PS2xTRlhlZHZtREwKQytVS1hvZWdXd0xONlF5OUYxb0ZmN0xobkVGU1JBQzJ3SzNJcU4rb09JS1IyMWl0bjl4aVNzRk15V21VM1ppUQpYSHRKc1BnY0tUejQwTi9kY2lDb1dFNkloSTlURTF2TUVNSkZSZUtOOFVNSDFuTWxMbHcrVlA2Y2lGV0hQa1ZFClVhckxSNGttUVFqQ3BNbHVzTVYvaVFTL0NXanVKdVZYblZCM2NUN1hEZXdLQ1dBNXRsL093MGVZTjM5Q1A1K0YKNVpReXEwa0NTT05OUmZ6YnJNNEJPSUh3TlhuZ1pxRGNTazd6b0FnNXhpdXBOZGlJTXROTEhNSUtwT0NZM2NLKwppeU5ydXh2bldMSUV3d291YWc9PQotLS0tLUVORCBDRVJUSUZJQ0FURS0tLS0tCg==",
                "host": "https://aks-c81a5ef8.privatelink.westeurope.azmk8s.io:443",
                "password": "",
                "username": "clusterUser_rg-aks-cluster_aks-cluster"
              }
            ],
            "kube_config_raw": "apiVersion: v1\nclusters:\n- cluster:\n    certificate-authority-data: LS0tLS1CRUdJTiBDRVJUSUZJQ0FURS0tLS0tCk1JSUU2VENDQXRHZ0F3SUJBZ0lSQU9ScitoM0w4ZzVLanlINk56SU5RS013RFFZSktvWklodmNOQVFFTEJRQXcKRFRFTE1Ba0dBMVVFQXhNQ1kyRXdJQmNOTWpJeE1EQTBNVFUxT1RFeVdoZ1BNakExTWpFd01EUXhOakE1TVRKYQpNQTB4Q3pBSkJnTlZCQU1UQW1OaE1JSUNJakFOQmdrcWhraUc5dzBCQVFFRkFBT0NBZzhBTUlJQ0NnS0NBZ0VBCndaUGdseUJYcW9jSGVJSE1UTm9ydXd1QmNRZ3hHUXl0aDJ3OFJsTU1TN1QwOVBCRzZ1NXAyUVVSUFZYaS9GOW8KVFl4R3hKSExuUS9YMFY0NVdTRElVN0YxdXFIOU5mWTN2TmxjT1NQbm9sclBjU1FpWk5TdVh3MFdBUmhwb04zawp3a0I2KzQyZTFFTDNjSjJmSFRBZmZ2NUZsSGRVMHFIUUNUWEtaMlFuRHQxR0ZTbHlzQ3VrQmlMV2VpelVhQ0RYClJDRDMzb0Q2UEs5VGFDb2JVUkJJZWoyUVoxc1NmVjdWR0EvNTFOdHBpanhXSUI1bTV1Tm0wa3JYVEdnOHRhclgKNEQ0azErek5YSFh6Vm5EYkpscE1nUFBZUVNYZ3cwQ3JiWitkSzlOLzhqczA5L1JLSEF0NEJ6T3k0dHhOOGRLawpZRzJXWE1DK3hSTFJIRlNkRU1HeVljNFVjd3AvSVVvUjBuOHI2ZDUwcVNnbGxtNDVmdzhKVmNwT0RMd3BXMTY5Ck9ZQndvcGRwMTVDOXM3Yi93dXJLRGdzWFdiV1hXaDhBNGJIclM5S3BBT3N4SWhKcEg0NHB3cmg3Vmo5NTVHUkcKTlByQ0krZXozR0FZRDc1M250VjNBczdNZGNiNXRPQW1LYnUwZEQrS1Fpdk1SV3pjTElFbytQa2NCdVo2YWZZagpweDE4TGN1MkY0UUFjanpUdEdwMkp6OXNYeFNiMGNYVXNKbFJiRGpzS1ZnMjJETTBxSVpQZnRpSlZ6QU9zRWpYClMwSzBWajkzdGJBQ0VOYzR1U28yM0lNSm5CZXVjZTFDb2lVcnlyOW5RMm02aGlLNjJ2cmE1V0FtTnhSWjRLVEgKcE44YUNXemxtUUthaEk0RXZIdnE2MkRhM2ptSCs0QmtsdHNWbTJSaDlvY0NBd0VBQWFOQ01FQXdEZ1lEVlIwUApBUUgvQkFRREFnS2tNQThHQTFVZEV3RUIvd1FGTUFNQkFmOHdIUVlEVlIwT0JCWUVGTFh0MlB2R2lIeU1aZ2pZCnhXdm96eGo0bll4Mk1BMEdDU3FHU0liM0RRRUJDd1VBQTRJQ0FRQzgzZ1hpVFNzd2F6SFgydE5HLytnaDZjV3kKNXlmaUZjSUNyYlRzSXc0Q2FObm1EZUhEa01SOC9rN0FCT1ZRNEJ5YmxEZDlVbDA1VlRJYlptd3lsUnNZWGptSgpXdVZncWxDdFNFanA0Z3FrWHBXZlpwZlNveFppNW1oZFNibmxLQnBFMmVBc09vOWtOZEE1cU1CTFVmTUxTRC9oCnI4VUw3elU2MXBjbGFZblJpUHZnNkpJQ0o5YWVjUG8zd0E0UlliRkZlUlM3R2hwZlhFQ0hCdzZTV1h6bGZFUTIKcitNcE9IVUlSYzZIbXh2VmM4RUFCMlhtbnhuYlJ2Z3RjWU53UVp4KzZNY2ZHTys0cVBaRzFwa1JqMGk0QTBaYgpDVzBWWGVHZmhhTDhKWjBKYWJ0aGNQVDVkRVQ2TFNKOEpKWW5OVGNtaEJGeUFGNElNUjVwMjE1dzJkQncxSllBCnAvT0VTYllEWjVqeG5iY3hHT29jd0FsWGx0am9iUXNVMHFuVFVNSU5GOGZHTkp2OXJ4dm5PS2xTRlhlZHZtREwKQytVS1hvZWdXd0xONlF5OUYxb0ZmN0xobkVGU1JBQzJ3SzNJcU4rb09JS1IyMWl0bjl4aVNzRk15V21VM1ppUQpYSHRKc1BnY0tUejQwTi9kY2lDb1dFNkloSTlURTF2TUVNSkZSZUtOOFVNSDFuTWxMbHcrVlA2Y2lGV0hQa1ZFClVhckxSNGttUVFqQ3BNbHVzTVYvaVFTL0NXanVKdVZYblZCM2NUN1hEZXdLQ1dBNXRsL093MGVZTjM5Q1A1K0YKNVpReXEwa0NTT05OUmZ6YnJNNEJPSUh3TlhuZ1pxRGNTazd6b0FnNXhpdXBOZGlJTXROTEhNSUtwT0NZM2NLKwppeU5ydXh2bldMSUV3d291YWc9PQotLS0tLUVORCBDRVJUSUZJQ0FURS0tLS0tCg==\n    server: https://aks-c81a5ef8.privatelink.westeurope.azmk8s.io:443\n  name: aks-cluster\ncontexts:\n- context:\n    cluster: aks-cluster\n    user: clusterUser_rg-aks-cluster_aks-cluster\n  name: aks-cluster\ncurrent-context: aks-cluster\nkind: Config\npreferences: {}\nusers:\n- name: clusterUser_rg-aks-cluster_aks-cluster\n  user:\n    exec:\n      apiVersion: client.authentication.k8s.io/v1beta1\n      args:\n      - get-token\n      - --environment\n      - AzurePublicCloud\n      - --server-id\n      - 6dae42f8-4368-4678-94ff-3960e28e3630\n      - --client-id\n      - 80faf920-1908-4b52-b5ef-a8e7bedfc67a\n      - --tenant-id\n      - 558506eb-9459-4ef3-b920-ad55c555e729\n      - --login\n      - devicecode\n      command: kubelogin\n      env: null\n      provideClusterInfo: false\n",
            "kubelet_identity": [
              {
                "client_id": "e0bdd696-c724-4789-a320-dadf9bb3c2bb",
                "object_id": "24abda47-4490-4f72-aae6-9677ac0ddf94",
                "user_assigned_identity_id": "/subscriptions/59d574d4-1c03-4092-ab22-312ed594eec9/resourceGroups/rg-aks-cluster/providers/Microsoft.ManagedIdentity/userAssignedIdentities/aks-cluster-agentpool"
              }
            ],
            "kubernetes_version": "1.24.3",
            "linux_profile": [],
            "local_account_disabled": true,
            "location": "westeurope",
            "maintenance_window": [
              {
                "allowed": [
                  {
                    "day": "Saturday",
                    "hours": [
                      2,
                      8
                    ]
                  }
                ],
                "not_allowed": []
              }
            ],
            "microsoft_defender": [],
            "name": "aks-cluster",
            "network_profile": [
              {
                "dns_service_ip": "10.0.0.10",
                "docker_bridge_cidr": "172.17.0.1/16",
                "ip_versions": [
                  "IPv4"
                ],
                "load_balancer_profile": [
                  {
                    "effective_outbound_ips": [],
                    "idle_timeout_in_minutes": 0,
                    "managed_outbound_ip_count": 0,
                    "outbound_ip_address_ids": [],
                    "outbound_ip_prefix_ids": [],
                    "outbound_ports_allocated": 0
                  }
                ],
                "load_balancer_sku": "standard",
                "nat_gateway_profile": [
                  {
                    "effective_outbound_ips": [],
                    "idle_timeout_in_minutes": 4,
                    "managed_outbound_ip_count": 2
                  }
                ],
                "network_mode": "",
                "network_plugin": "azure",
                "network_policy": "calico",
                "outbound_type": "userAssignedNATGateway",
                "pod_cidr": "",
                "service_cidr": "10.0.0.0/16"
              }
            ],
            "node_resource_group": "rg-aks-cluster-managed",
            "oidc_issuer_enabled": true,
            "oidc_issuer_url": "https://westeurope.oic.prod-aks.azure.com/558506eb-9459-4ef3-b920-ad55c555e729/6aad97ba-4596-48c9-85f7-72aa60b1dc30/",
            "oms_agent": [
              {
                "log_analytics_workspace_id": "/subscriptions/59d574d4-1c03-4092-ab22-312ed594eec9/resourceGroups/rg-spoke/providers/Microsoft.OperationalInsights/workspaces/loganalyticsakscluster",
                "oms_agent_identity": [
                  {
                    "client_id": "9842e09e-8589-494b-bc7f-d9c2f97d6a4f",
                    "object_id": "2b8328d7-dd02-4e01-8bdf-dafd8abd76d2",
                    "user_assigned_identity_id": "/subscriptions/59d574d4-1c03-4092-ab22-312ed594eec9/resourcegroups/rg-aks-cluster-managed/providers/Microsoft.ManagedIdentity/userAssignedIdentities/omsagent-aks-cluster"
                  }
                ]
              }
            ],
            "open_service_mesh_enabled": true,
            "portal_fqdn": "e36f04fe49ae8238173ab6c39cf642cb-priv.portal.hcp.westeurope.azmk8s.io",
            "private_cluster_enabled": true,
            "private_cluster_public_fqdn_enabled": false,
            "private_dns_zone_id": "/subscriptions/59d574d4-1c03-4092-ab22-312ed594eec9/resourceGroups/rg-aks-cluster/providers/Microsoft.Network/privateDnsZones/privatelink.westeurope.azmk8s.io",
            "private_fqdn": "aks-c81a5ef8.privatelink.westeurope.azmk8s.io",
            "public_network_access_enabled": true,
            "resource_group_name": "rg-aks-cluster",
            "role_based_access_control_enabled": true,
            "run_command_enabled": true,
            "service_principal": [],
            "sku_tier": "Free",
            "tags": {
              "environment": "development",
              "source": "terraform"
            },
            "timeouts": {
              "create": null,
              "delete": null,
              "read": null,
              "update": null
            },
            "windows_profile": [
              {
                "admin_password": "",
                "admin_username": "azureuser",
                "gmsa": [],
                "license": ""
              }
            ]
          },
          "sensitive_attributes": [],
          "private": "eyJlMmJmYjczMC1lY2FhLTExZTYtOGY4OC0zNDM2M2JjN2M0YzAiOnsiY3JlYXRlIjo1NDAwMDAwMDAwMDAwLCJkZWxldGUiOjU0MDAwMDAwMDAwMDAsInJlYWQiOjMwMDAwMDAwMDAwMCwidXBkYXRlIjo1NDAwMDAwMDAwMDAwfSwic2NoZW1hX3ZlcnNpb24iOiIyIn0=",
          "dependencies": [
            "azuread_group.aks_admins",
            "azurerm_application_gateway.appgw",
            "azurerm_log_analytics_workspace.workspace",
            "azurerm_private_dns_zone.private_dns_zone_aks",
            "azurerm_public_ip.appgw_pip",
            "azurerm_resource_group.rg_aks",
            "azurerm_resource_group.rg_spoke",
            "azurerm_subnet.subnet_appgw",
            "azurerm_subnet.subnet_nodes",
            "azurerm_subnet.subnet_pods",
            "azurerm_user_assigned_identity.identity-kubelet",
            "azurerm_user_assigned_identity.identity_aks",
            "azurerm_virtual_network.vnet_spoke",
            "data.azurerm_subscription.current"
          ]
        }
      ]
    },
    {
      "mode": "managed",
      "type": "azurerm_kubernetes_cluster_node_pool",
      "name": "poolapps",
      "provider": "provider[\"registry.terraform.io/hashicorp/azurerm\"]",
      "instances": [
        {
          "index_key": 0,
          "schema_version": 1,
          "attributes": {
            "capacity_reservation_group_id": "",
            "enable_auto_scaling": true,
            "enable_host_encryption": false,
            "enable_node_public_ip": false,
            "eviction_policy": "",
            "fips_enabled": false,
            "host_group_id": "",
            "id": "/subscriptions/59d574d4-1c03-4092-ab22-312ed594eec9/resourceGroups/rg-aks-cluster/providers/Microsoft.ContainerService/managedClusters/aks-cluster/agentPools/poolapps",
            "kubelet_config": [],
            "kubelet_disk_type": "OS",
            "kubernetes_cluster_id": "/subscriptions/59d574d4-1c03-4092-ab22-312ed594eec9/resourceGroups/rg-aks-cluster/providers/Microsoft.ContainerService/managedClusters/aks-cluster",
            "linux_os_config": [],
            "max_count": 0,
            "max_pods": 110,
            "min_count": 0,
            "mode": "User",
            "name": "poolapps",
            "node_count": 0,
            "node_labels": {},
            "node_public_ip_prefix_id": "",
            "node_taints": [],
            "orchestrator_version": "1.24.3",
            "os_disk_size_gb": 60,
            "os_disk_type": "Ephemeral",
            "os_sku": "Ubuntu",
            "os_type": "Linux",
            "pod_subnet_id": "/subscriptions/59d574d4-1c03-4092-ab22-312ed594eec9/resourceGroups/rg-aks-cluster/providers/Microsoft.Network/virtualNetworks/vnet-spoke/subnets/subnet-aks-pods",
            "priority": "Regular",
            "proximity_placement_group_id": "",
            "scale_down_mode": "Delete",
            "spot_max_price": -1,
            "tags": {
              "environment": "development",
              "source": "terraform"
            },
            "timeouts": null,
            "ultra_ssd_enabled": false,
            "upgrade_settings": [
              {
                "max_surge": "3"
              }
            ],
            "vm_size": "Standard_D2ds_v5",
            "vnet_subnet_id": "/subscriptions/59d574d4-1c03-4092-ab22-312ed594eec9/resourceGroups/rg-aks-cluster/providers/Microsoft.Network/virtualNetworks/vnet-spoke/subnets/subnet-aks-nodes",
            "workload_runtime": "",
            "zones": [
              "1",
              "2",
              "3"
            ]
          },
          "sensitive_attributes": [],
          "private": "eyJlMmJmYjczMC1lY2FhLTExZTYtOGY4OC0zNDM2M2JjN2M0YzAiOnsiY3JlYXRlIjozNjAwMDAwMDAwMDAwLCJkZWxldGUiOjM2MDAwMDAwMDAwMDAsInJlYWQiOjMwMDAwMDAwMDAwMCwidXBkYXRlIjozNjAwMDAwMDAwMDAwfSwic2NoZW1hX3ZlcnNpb24iOiIxIn0=",
          "dependencies": [
            "azuread_group.aks_admins",
            "azurerm_application_gateway.appgw",
            "azurerm_kubernetes_cluster.aks",
            "azurerm_log_analytics_workspace.workspace",
            "azurerm_private_dns_zone.private_dns_zone_aks",
            "azurerm_public_ip.appgw_pip",
            "azurerm_resource_group.rg_aks",
            "azurerm_resource_group.rg_spoke",
            "azurerm_subnet.subnet_appgw",
            "azurerm_subnet.subnet_nodes",
            "azurerm_subnet.subnet_pods",
            "azurerm_user_assigned_identity.identity-kubelet",
            "azurerm_user_assigned_identity.identity_aks",
            "azurerm_virtual_network.vnet_spoke",
            "data.azurerm_subscription.current"
          ]
        }
      ]
    },
    {
      "mode": "managed",
      "type": "azurerm_kubernetes_cluster_node_pool",
      "name": "poolspot",
      "provider": "provider[\"registry.terraform.io/hashicorp/azurerm\"]",
      "instances": [
        {
          "index_key": 0,
          "schema_version": 1,
          "attributes": {
            "capacity_reservation_group_id": "",
            "enable_auto_scaling": true,
            "enable_host_encryption": false,
            "enable_node_public_ip": false,
            "eviction_policy": "Delete",
            "fips_enabled": false,
            "host_group_id": "",
            "id": "/subscriptions/59d574d4-1c03-4092-ab22-312ed594eec9/resourceGroups/rg-aks-cluster/providers/Microsoft.ContainerService/managedClusters/aks-cluster/agentPools/poolspot",
            "kubelet_config": [],
            "kubelet_disk_type": "OS",
            "kubernetes_cluster_id": "/subscriptions/59d574d4-1c03-4092-ab22-312ed594eec9/resourceGroups/rg-aks-cluster/providers/Microsoft.ContainerService/managedClusters/aks-cluster",
            "linux_os_config": [],
            "max_count": 1,
            "max_pods": 110,
            "min_count": 0,
            "mode": "User",
            "name": "poolspot",
            "node_count": 0,
            "node_labels": {
              "kubernetes.azure.com/scalesetpriority": "spot"
            },
            "node_public_ip_prefix_id": "",
            "node_taints": [
              "kubernetes.azure.com/scalesetpriority=spot:NoSchedule"
            ],
            "orchestrator_version": "",
            "os_disk_size_gb": 60,
            "os_disk_type": "Ephemeral",
            "os_sku": "Ubuntu",
            "os_type": "Linux",
            "pod_subnet_id": "/subscriptions/59d574d4-1c03-4092-ab22-312ed594eec9/resourceGroups/rg-aks-cluster/providers/Microsoft.Network/virtualNetworks/vnet-spoke/subnets/subnet-aks-pods",
            "priority": "Spot",
            "proximity_placement_group_id": "",
            "scale_down_mode": "Delete",
            "spot_max_price": -1,
            "tags": {
              "environment": "development",
              "source": "terraform"
            },
            "timeouts": {
              "create": null,
              "delete": null,
              "read": null,
              "update": null
            },
            "ultra_ssd_enabled": false,
            "upgrade_settings": [],
            "vm_size": "Standard_D2ds_v5",
            "vnet_subnet_id": "/subscriptions/59d574d4-1c03-4092-ab22-312ed594eec9/resourceGroups/rg-aks-cluster/providers/Microsoft.Network/virtualNetworks/vnet-spoke/subnets/subnet-aks-nodes",
            "workload_runtime": "",
            "zones": [
              "1",
              "2",
              "3"
            ]
          },
          "sensitive_attributes": [],
          "private": "eyJlMmJmYjczMC1lY2FhLTExZTYtOGY4OC0zNDM2M2JjN2M0YzAiOnsiY3JlYXRlIjozNjAwMDAwMDAwMDAwLCJkZWxldGUiOjM2MDAwMDAwMDAwMDAsInJlYWQiOjMwMDAwMDAwMDAwMCwidXBkYXRlIjozNjAwMDAwMDAwMDAwfSwic2NoZW1hX3ZlcnNpb24iOiIxIn0=",
          "dependencies": [
            "azuread_group.aks_admins",
            "azurerm_application_gateway.appgw",
            "azurerm_kubernetes_cluster.aks",
            "azurerm_log_analytics_workspace.workspace",
            "azurerm_private_dns_zone.private_dns_zone_aks",
            "azurerm_public_ip.appgw_pip",
            "azurerm_resource_group.rg_aks",
            "azurerm_resource_group.rg_spoke",
            "azurerm_subnet.subnet_appgw",
            "azurerm_subnet.subnet_nodes",
            "azurerm_subnet.subnet_pods",
            "azurerm_user_assigned_identity.identity-kubelet",
            "azurerm_user_assigned_identity.identity_aks",
            "azurerm_virtual_network.vnet_spoke",
            "data.azurerm_subscription.current"
          ]
        }
      ]
    },
    {
      "mode": "managed",
      "type": "azurerm_log_analytics_solution",
      "name": "solution",
      "provider": "provider[\"registry.terraform.io/hashicorp/azurerm\"]",
      "instances": [
        {
          "index_key": 0,
          "schema_version": 1,
          "attributes": {
            "id": "/subscriptions/59d574d4-1c03-4092-ab22-312ed594eec9/resourceGroups/rg-spoke/providers/Microsoft.OperationsManagement/solutions/ContainerInsights(loganalyticsakscluster)",
            "location": "westeurope",
            "plan": [
              {
                "name": "ContainerInsights(loganalyticsakscluster)",
                "product": "OMSGallery/ContainerInsights",
                "promotion_code": "",
                "publisher": "Microsoft"
              }
            ],
            "resource_group_name": "rg-spoke",
            "solution_name": "ContainerInsights",
            "tags": {
              "environment": "development",
              "source": "terraform"
            },
            "timeouts": null,
            "workspace_name": "loganalyticsakscluster",
            "workspace_resource_id": "/subscriptions/59d574d4-1c03-4092-ab22-312ed594eec9/resourceGroups/rg-spoke/providers/Microsoft.OperationalInsights/workspaces/loganalyticsakscluster"
          },
          "sensitive_attributes": [],
          "private": "eyJlMmJmYjczMC1lY2FhLTExZTYtOGY4OC0zNDM2M2JjN2M0YzAiOnsiY3JlYXRlIjoxODAwMDAwMDAwMDAwLCJkZWxldGUiOjE4MDAwMDAwMDAwMDAsInJlYWQiOjMwMDAwMDAwMDAwMCwidXBkYXRlIjoxODAwMDAwMDAwMDAwfSwic2NoZW1hX3ZlcnNpb24iOiIxIn0=",
          "dependencies": [
            "azurerm_log_analytics_workspace.workspace",
            "azurerm_resource_group.rg_spoke"
          ]
        }
      ]
    },
    {
      "mode": "managed",
      "type": "azurerm_log_analytics_workspace",
      "name": "workspace",
      "provider": "provider[\"registry.terraform.io/hashicorp/azurerm\"]",
      "instances": [
        {
          "index_key": 0,
          "schema_version": 2,
          "attributes": {
            "cmk_for_query_forced": false,
            "daily_quota_gb": -1,
            "id": "/subscriptions/59d574d4-1c03-4092-ab22-312ed594eec9/resourceGroups/rg-spoke/providers/Microsoft.OperationalInsights/workspaces/loganalyticsakscluster",
            "internet_ingestion_enabled": true,
            "internet_query_enabled": true,
            "location": "westeurope",
            "name": "loganalyticsakscluster",
            "primary_shared_key": "6ApHGiaqALea1PIlNNMWf8KIRC7QOhIuRm8fmY1AenwD66OuRW2k7q3wT53+oHdn1rDKeEAYrYoBC4h/2VEjCQ==",
            "reservation_capacity_in_gb_per_day": null,
            "resource_group_name": "rg-spoke",
            "retention_in_days": 30,
            "secondary_shared_key": "irW4wFMGGuXuNJSGWCBZJnpYYfD5IW6spJyeAcN/5GE0Dq7tsfeR7mBLG9hdyVdO1lnZmlXTXP4UzcU4dXsfhQ==",
            "sku": "PerGB2018",
            "tags": {
              "environment": "development",
              "source": "terraform"
            },
            "timeouts": null,
            "workspace_id": "05abe235-e53a-4a59-aeab-0d431916aa38"
          },
          "sensitive_attributes": [],
          "private": "eyJlMmJmYjczMC1lY2FhLTExZTYtOGY4OC0zNDM2M2JjN2M0YzAiOnsiY3JlYXRlIjoxODAwMDAwMDAwMDAwLCJkZWxldGUiOjE4MDAwMDAwMDAwMDAsInJlYWQiOjMwMDAwMDAwMDAwMCwidXBkYXRlIjoxODAwMDAwMDAwMDAwfSwic2NoZW1hX3ZlcnNpb24iOiIyIn0=",
          "dependencies": [
            "azurerm_resource_group.rg_spoke"
          ]
        }
      ]
    },
    {
      "mode": "managed",
      "type": "azurerm_monitor_diagnostic_setting",
      "name": "diagnostic_settings_acr",
      "provider": "provider[\"registry.terraform.io/hashicorp/azurerm\"]",
      "instances": [
        {
          "index_key": 0,
          "schema_version": 0,
          "attributes": {
            "eventhub_authorization_rule_id": "",
            "eventhub_name": "",
            "id": "/subscriptions/59d574d4-1c03-4092-ab22-312ed594eec9/resourceGroups/rg-spoke/providers/Microsoft.ContainerRegistry/registries/acrforakstf0111|diagnostic-settings",
            "log": [
              {
                "category": "ContainerRegistryLoginEvents",
                "category_group": "",
                "enabled": true,
                "retention_policy": [
                  {
                    "days": 0,
                    "enabled": true
                  }
                ]
              },
              {
                "category": "ContainerRegistryRepositoryEvents",
                "category_group": "",
                "enabled": true,
                "retention_policy": [
                  {
                    "days": 0,
                    "enabled": true
                  }
                ]
              }
            ],
            "log_analytics_destination_type": "",
            "log_analytics_workspace_id": "/subscriptions/59d574d4-1c03-4092-ab22-312ed594eec9/resourceGroups/rg-spoke/providers/Microsoft.OperationalInsights/workspaces/loganalyticsakscluster",
            "metric": [
              {
                "category": "AllMetrics",
                "enabled": true,
                "retention_policy": [
                  {
                    "days": 0,
                    "enabled": true
                  }
                ]
              }
            ],
            "name": "diagnostic-settings",
            "storage_account_id": null,
            "target_resource_id": "/subscriptions/59d574d4-1c03-4092-ab22-312ed594eec9/resourceGroups/rg-spoke/providers/Microsoft.ContainerRegistry/registries/acrforakstf0111",
            "timeouts": null
          },
          "sensitive_attributes": [],
          "private": "eyJlMmJmYjczMC1lY2FhLTExZTYtOGY4OC0zNDM2M2JjN2M0YzAiOnsiY3JlYXRlIjoxODAwMDAwMDAwMDAwLCJkZWxldGUiOjM2MDAwMDAwMDAwMDAsInJlYWQiOjMwMDAwMDAwMDAwMCwidXBkYXRlIjoxODAwMDAwMDAwMDAwfX0=",
          "dependencies": [
            "azurerm_container_registry.acr",
            "azurerm_log_analytics_workspace.workspace",
            "azurerm_resource_group.rg_spoke"
          ]
        }
      ]
    },
    {
      "mode": "managed",
      "type": "azurerm_monitor_diagnostic_setting",
      "name": "diagnostic_settings_aks",
      "provider": "provider[\"registry.terraform.io/hashicorp/azurerm\"]",
      "instances": [
        {
          "index_key": 0,
          "schema_version": 0,
          "attributes": {
            "eventhub_authorization_rule_id": "",
            "eventhub_name": "",
            "id": "/subscriptions/59d574d4-1c03-4092-ab22-312ed594eec9/resourceGroups/rg-aks-cluster/providers/Microsoft.ContainerService/managedClusters/aks-cluster|diagnostic-settings",
            "log": [
              {
                "category": "cloud-controller-manager",
                "category_group": "",
                "enabled": true,
                "retention_policy": [
                  {
                    "days": 0,
                    "enabled": true
                  }
                ]
              },
              {
                "category": "cluster-autoscaler",
                "category_group": "",
                "enabled": true,
                "retention_policy": [
                  {
                    "days": 0,
                    "enabled": true
                  }
                ]
              },
              {
                "category": "csi-azuredisk-controller",
                "category_group": "",
                "enabled": true,
                "retention_policy": [
                  {
                    "days": 0,
                    "enabled": true
                  }
                ]
              },
              {
                "category": "csi-azurefile-controller",
                "category_group": "",
                "enabled": true,
                "retention_policy": [
                  {
                    "days": 0,
                    "enabled": true
                  }
                ]
              },
              {
                "category": "csi-snapshot-controller",
                "category_group": "",
                "enabled": true,
                "retention_policy": [
                  {
                    "days": 0,
                    "enabled": true
                  }
                ]
              },
              {
                "category": "guard",
                "category_group": "",
                "enabled": true,
                "retention_policy": [
                  {
                    "days": 0,
                    "enabled": true
                  }
                ]
              },
              {
                "category": "kube-apiserver",
                "category_group": "",
                "enabled": true,
                "retention_policy": [
                  {
                    "days": 0,
                    "enabled": true
                  }
                ]
              },
              {
                "category": "kube-audit",
                "category_group": "",
                "enabled": true,
                "retention_policy": [
                  {
                    "days": 0,
                    "enabled": true
                  }
                ]
              },
              {
                "category": "kube-audit-admin",
                "category_group": "",
                "enabled": true,
                "retention_policy": [
                  {
                    "days": 0,
                    "enabled": true
                  }
                ]
              },
              {
                "category": "kube-controller-manager",
                "category_group": "",
                "enabled": true,
                "retention_policy": [
                  {
                    "days": 0,
                    "enabled": true
                  }
                ]
              },
              {
                "category": "kube-scheduler",
                "category_group": "",
                "enabled": true,
                "retention_policy": [
                  {
                    "days": 0,
                    "enabled": true
                  }
                ]
              }
            ],
            "log_analytics_destination_type": "",
            "log_analytics_workspace_id": "/subscriptions/59d574d4-1c03-4092-ab22-312ed594eec9/resourceGroups/rg-spoke/providers/Microsoft.OperationalInsights/workspaces/loganalyticsakscluster",
            "metric": [
              {
                "category": "AllMetrics",
                "enabled": true,
                "retention_policy": [
                  {
                    "days": 0,
                    "enabled": true
                  }
                ]
              }
            ],
            "name": "diagnostic-settings",
            "storage_account_id": null,
            "target_resource_id": "/subscriptions/59d574d4-1c03-4092-ab22-312ed594eec9/resourceGroups/rg-aks-cluster/providers/Microsoft.ContainerService/managedClusters/aks-cluster",
            "timeouts": null
          },
          "sensitive_attributes": [],
          "private": "eyJlMmJmYjczMC1lY2FhLTExZTYtOGY4OC0zNDM2M2JjN2M0YzAiOnsiY3JlYXRlIjoxODAwMDAwMDAwMDAwLCJkZWxldGUiOjM2MDAwMDAwMDAwMDAsInJlYWQiOjMwMDAwMDAwMDAwMCwidXBkYXRlIjoxODAwMDAwMDAwMDAwfX0=",
          "dependencies": [
            "azuread_group.aks_admins",
            "azurerm_application_gateway.appgw",
            "azurerm_kubernetes_cluster.aks",
            "azurerm_log_analytics_workspace.workspace",
            "azurerm_private_dns_zone.private_dns_zone_aks",
            "azurerm_public_ip.appgw_pip",
            "azurerm_resource_group.rg_aks",
            "azurerm_resource_group.rg_spoke",
            "azurerm_subnet.subnet_appgw",
            "azurerm_subnet.subnet_nodes",
            "azurerm_subnet.subnet_pods",
            "azurerm_user_assigned_identity.identity-kubelet",
            "azurerm_user_assigned_identity.identity_aks",
            "azurerm_virtual_network.vnet_spoke",
            "data.azurerm_subscription.current"
          ]
        }
      ]
    },
    {
      "mode": "managed",
      "type": "azurerm_monitor_diagnostic_setting",
      "name": "diagnostic_settings_appgw",
      "provider": "provider[\"registry.terraform.io/hashicorp/azurerm\"]",
      "instances": [
        {
          "index_key": 0,
          "schema_version": 0,
          "attributes": {
            "eventhub_authorization_rule_id": "",
            "eventhub_name": "",
            "id": "/subscriptions/59d574d4-1c03-4092-ab22-312ed594eec9/resourceGroups/rg-aks-cluster/providers/Microsoft.Network/applicationGateways/appgw-aks|diagnostic-settings",
            "log": [
              {
                "category": "ApplicationGatewayAccessLog",
                "category_group": "",
                "enabled": true,
                "retention_policy": [
                  {
                    "days": 0,
                    "enabled": true
                  }
                ]
              },
              {
                "category": "ApplicationGatewayFirewallLog",
                "category_group": "",
                "enabled": true,
                "retention_policy": [
                  {
                    "days": 0,
                    "enabled": true
                  }
                ]
              },
              {
                "category": "ApplicationGatewayPerformanceLog",
                "category_group": "",
                "enabled": true,
                "retention_policy": [
                  {
                    "days": 0,
                    "enabled": true
                  }
                ]
              }
            ],
            "log_analytics_destination_type": "",
            "log_analytics_workspace_id": "/subscriptions/59d574d4-1c03-4092-ab22-312ed594eec9/resourceGroups/rg-spoke/providers/Microsoft.OperationalInsights/workspaces/loganalyticsakscluster",
            "metric": [
              {
                "category": "AllMetrics",
                "enabled": true,
                "retention_policy": [
                  {
                    "days": 0,
                    "enabled": true
                  }
                ]
              }
            ],
            "name": "diagnostic-settings",
            "storage_account_id": null,
            "target_resource_id": "/subscriptions/59d574d4-1c03-4092-ab22-312ed594eec9/resourceGroups/rg-aks-cluster/providers/Microsoft.Network/applicationGateways/appgw-aks",
            "timeouts": null
          },
          "sensitive_attributes": [],
          "private": "eyJlMmJmYjczMC1lY2FhLTExZTYtOGY4OC0zNDM2M2JjN2M0YzAiOnsiY3JlYXRlIjoxODAwMDAwMDAwMDAwLCJkZWxldGUiOjM2MDAwMDAwMDAwMDAsInJlYWQiOjMwMDAwMDAwMDAwMCwidXBkYXRlIjoxODAwMDAwMDAwMDAwfX0=",
          "dependencies": [
            "azurerm_application_gateway.appgw",
            "azurerm_log_analytics_workspace.workspace",
            "azurerm_public_ip.appgw_pip",
            "azurerm_resource_group.rg_aks",
            "azurerm_resource_group.rg_spoke",
            "azurerm_subnet.subnet_appgw",
            "azurerm_virtual_network.vnet_spoke"
          ]
        }
      ]
    },
    {
      "mode": "managed",
      "type": "azurerm_monitor_diagnostic_setting",
      "name": "diagnostic_settings_keyvault",
      "provider": "provider[\"registry.terraform.io/hashicorp/azurerm\"]",
      "instances": []
    },
    {
      "mode": "managed",
      "type": "azurerm_monitor_diagnostic_setting",
      "name": "diagnostic_settings_vnet",
      "provider": "provider[\"registry.terraform.io/hashicorp/azurerm\"]",
      "instances": [
        {
          "index_key": 0,
          "schema_version": 0,
          "attributes": {
            "eventhub_authorization_rule_id": "",
            "eventhub_name": "",
            "id": "/subscriptions/59d574d4-1c03-4092-ab22-312ed594eec9/resourceGroups/rg-aks-cluster/providers/Microsoft.Network/virtualNetworks/vnet-spoke|diagnostic-settings",
            "log": [
              {
                "category": "VMProtectionAlerts",
                "category_group": "",
                "enabled": true,
                "retention_policy": [
                  {
                    "days": 0,
                    "enabled": true
                  }
                ]
              }
            ],
            "log_analytics_destination_type": "",
            "log_analytics_workspace_id": "/subscriptions/59d574d4-1c03-4092-ab22-312ed594eec9/resourceGroups/rg-spoke/providers/Microsoft.OperationalInsights/workspaces/loganalyticsakscluster",
            "metric": [
              {
                "category": "AllMetrics",
                "enabled": true,
                "retention_policy": [
                  {
                    "days": 0,
                    "enabled": true
                  }
                ]
              }
            ],
            "name": "diagnostic-settings",
            "storage_account_id": null,
            "target_resource_id": "/subscriptions/59d574d4-1c03-4092-ab22-312ed594eec9/resourceGroups/rg-aks-cluster/providers/Microsoft.Network/virtualNetworks/vnet-spoke",
            "timeouts": null
          },
          "sensitive_attributes": [],
          "private": "eyJlMmJmYjczMC1lY2FhLTExZTYtOGY4OC0zNDM2M2JjN2M0YzAiOnsiY3JlYXRlIjoxODAwMDAwMDAwMDAwLCJkZWxldGUiOjM2MDAwMDAwMDAwMDAsInJlYWQiOjMwMDAwMDAwMDAwMCwidXBkYXRlIjoxODAwMDAwMDAwMDAwfX0=",
          "dependencies": [
            "azurerm_log_analytics_workspace.workspace",
            "azurerm_resource_group.rg_aks",
            "azurerm_resource_group.rg_spoke",
            "azurerm_virtual_network.vnet_spoke"
          ]
        }
      ]
    },
    {
      "mode": "managed",
      "type": "azurerm_nat_gateway",
      "name": "natgw",
      "provider": "provider[\"registry.terraform.io/hashicorp/azurerm\"]",
      "instances": [
        {
          "index_key": 0,
          "schema_version": 0,
          "attributes": {
            "id": "/subscriptions/59d574d4-1c03-4092-ab22-312ed594eec9/resourceGroups/rg-aks-cluster/providers/Microsoft.Network/natGateways/nat-gateway",
            "idle_timeout_in_minutes": 10,
            "location": "westeurope",
            "name": "nat-gateway",
            "resource_group_name": "rg-aks-cluster",
            "resource_guid": "229d4d4f-6a7b-41c1-a840-8eb497e9248f",
            "sku_name": "Standard",
            "tags": {},
            "timeouts": null,
            "zones": [
              "1"
            ]
          },
          "sensitive_attributes": [],
          "private": "eyJlMmJmYjczMC1lY2FhLTExZTYtOGY4OC0zNDM2M2JjN2M0YzAiOnsiY3JlYXRlIjozNjAwMDAwMDAwMDAwLCJkZWxldGUiOjM2MDAwMDAwMDAwMDAsInJlYWQiOjMwMDAwMDAwMDAwMCwidXBkYXRlIjozNjAwMDAwMDAwMDAwfX0=",
          "dependencies": [
            "azurerm_resource_group.rg_aks"
          ]
        }
      ]
    },
    {
      "mode": "managed",
      "type": "azurerm_nat_gateway_public_ip_association",
      "name": "pip_assoc",
      "provider": "provider[\"registry.terraform.io/hashicorp/azurerm\"]",
      "instances": [
        {
          "index_key": 0,
          "schema_version": 0,
          "attributes": {
            "id": "/subscriptions/59d574d4-1c03-4092-ab22-312ed594eec9/resourceGroups/rg-aks-cluster/providers/Microsoft.Network/natGateways/nat-gateway|/subscriptions/59d574d4-1c03-4092-ab22-312ed594eec9/resourceGroups/rg-aks-cluster/providers/Microsoft.Network/publicIPAddresses/nat-gateway-public-ip",
            "nat_gateway_id": "/subscriptions/59d574d4-1c03-4092-ab22-312ed594eec9/resourceGroups/rg-aks-cluster/providers/Microsoft.Network/natGateways/nat-gateway",
            "public_ip_address_id": "/subscriptions/59d574d4-1c03-4092-ab22-312ed594eec9/resourceGroups/rg-aks-cluster/providers/Microsoft.Network/publicIPAddresses/nat-gateway-public-ip",
            "timeouts": null
          },
          "sensitive_attributes": [],
          "private": "eyJlMmJmYjczMC1lY2FhLTExZTYtOGY4OC0zNDM2M2JjN2M0YzAiOnsiY3JlYXRlIjoxODAwMDAwMDAwMDAwLCJkZWxldGUiOjE4MDAwMDAwMDAwMDAsInJlYWQiOjMwMDAwMDAwMDAwMH19",
          "dependencies": [
            "azurerm_nat_gateway.natgw",
            "azurerm_public_ip.natgw_pip",
            "azurerm_resource_group.rg_aks"
          ]
        }
      ]
    },
    {
      "mode": "managed",
      "type": "azurerm_private_dns_zone",
      "name": "private_dns_zone_acr",
      "provider": "provider[\"registry.terraform.io/hashicorp/azurerm\"]",
      "instances": [
        {
          "index_key": 0,
          "schema_version": 0,
          "attributes": {
            "id": "/subscriptions/59d574d4-1c03-4092-ab22-312ed594eec9/resourceGroups/rg-spoke/providers/Microsoft.Network/privateDnsZones/privatelink.azurecr.io",
            "max_number_of_record_sets": 25000,
            "max_number_of_virtual_network_links": 1000,
            "max_number_of_virtual_network_links_with_registration": 100,
            "name": "privatelink.azurecr.io",
            "number_of_record_sets": 3,
            "resource_group_name": "rg-spoke",
            "soa_record": [
              {
                "email": "azureprivatedns-host.microsoft.com",
                "expire_time": 2419200,
                "fqdn": "privatelink.azurecr.io.",
                "host_name": "azureprivatedns.net",
                "minimum_ttl": 10,
                "refresh_time": 3600,
                "retry_time": 300,
                "serial_number": 1,
                "tags": {},
                "ttl": 3600
              }
            ],
            "tags": {
              "environment": "development",
              "source": "terraform"
            },
            "timeouts": null
          },
          "sensitive_attributes": [],
          "private": "eyJlMmJmYjczMC1lY2FhLTExZTYtOGY4OC0zNDM2M2JjN2M0YzAiOnsiY3JlYXRlIjoxODAwMDAwMDAwMDAwLCJkZWxldGUiOjE4MDAwMDAwMDAwMDAsInJlYWQiOjMwMDAwMDAwMDAwMCwidXBkYXRlIjoxODAwMDAwMDAwMDAwfX0=",
          "dependencies": [
            "azurerm_resource_group.rg_spoke"
          ]
        }
      ]
    },
    {
      "mode": "managed",
      "type": "azurerm_private_dns_zone",
      "name": "private_dns_zone_aks",
      "provider": "provider[\"registry.terraform.io/hashicorp/azurerm\"]",
      "instances": [
        {
          "index_key": 0,
          "schema_version": 0,
          "attributes": {
            "id": "/subscriptions/59d574d4-1c03-4092-ab22-312ed594eec9/resourceGroups/rg-aks-cluster/providers/Microsoft.Network/privateDnsZones/privatelink.westeurope.azmk8s.io",
            "max_number_of_record_sets": 25000,
            "max_number_of_virtual_network_links": 1000,
            "max_number_of_virtual_network_links_with_registration": 100,
            "name": "privatelink.westeurope.azmk8s.io",
            "number_of_record_sets": 2,
            "resource_group_name": "rg-aks-cluster",
            "soa_record": [
              {
                "email": "azureprivatedns-host.microsoft.com",
                "expire_time": 2419200,
                "fqdn": "privatelink.westeurope.azmk8s.io.",
                "host_name": "azureprivatedns.net",
                "minimum_ttl": 10,
                "refresh_time": 3600,
                "retry_time": 300,
                "serial_number": 1,
                "tags": {},
                "ttl": 3600
              }
            ],
            "tags": {},
            "timeouts": null
          },
          "sensitive_attributes": [],
          "private": "eyJlMmJmYjczMC1lY2FhLTExZTYtOGY4OC0zNDM2M2JjN2M0YzAiOnsiY3JlYXRlIjoxODAwMDAwMDAwMDAwLCJkZWxldGUiOjE4MDAwMDAwMDAwMDAsInJlYWQiOjMwMDAwMDAwMDAwMCwidXBkYXRlIjoxODAwMDAwMDAwMDAwfX0=",
          "dependencies": [
            "azurerm_resource_group.rg_aks"
          ]
        }
      ]
    },
    {
      "mode": "managed",
      "type": "azurerm_private_dns_zone",
      "name": "private_dns_zone_keyvault",
      "provider": "provider[\"registry.terraform.io/hashicorp/azurerm\"]",
      "instances": [
        {
          "index_key": 0,
          "schema_version": 0,
          "attributes": {
            "id": "/subscriptions/59d574d4-1c03-4092-ab22-312ed594eec9/resourceGroups/rg-spoke/providers/Microsoft.Network/privateDnsZones/privatelink.vaultcore.azure.net",
            "max_number_of_record_sets": 25000,
            "max_number_of_virtual_network_links": 1000,
            "max_number_of_virtual_network_links_with_registration": 100,
            "name": "privatelink.vaultcore.azure.net",
            "number_of_record_sets": 1,
            "resource_group_name": "rg-spoke",
            "soa_record": [
              {
                "email": "azureprivatedns-host.microsoft.com",
                "expire_time": 2419200,
                "fqdn": "privatelink.vaultcore.azure.net.",
                "host_name": "azureprivatedns.net",
                "minimum_ttl": 10,
                "refresh_time": 3600,
                "retry_time": 300,
                "serial_number": 1,
                "tags": {},
                "ttl": 3600
              }
            ],
            "tags": {
              "environment": "development",
              "source": "terraform"
            },
            "timeouts": null
          },
          "sensitive_attributes": [],
          "private": "eyJlMmJmYjczMC1lY2FhLTExZTYtOGY4OC0zNDM2M2JjN2M0YzAiOnsiY3JlYXRlIjoxODAwMDAwMDAwMDAwLCJkZWxldGUiOjE4MDAwMDAwMDAwMDAsInJlYWQiOjMwMDAwMDAwMDAwMCwidXBkYXRlIjoxODAwMDAwMDAwMDAwfX0=",
          "dependencies": [
            "azurerm_resource_group.rg_spoke"
          ]
        }
      ]
    },
    {
      "mode": "managed",
      "type": "azurerm_private_dns_zone_virtual_network_link",
      "name": "link_private_dns_zone_acr_to_vnet_hub",
      "provider": "provider[\"registry.terraform.io/hashicorp/azurerm\"]",
      "instances": [
        {
          "index_key": 0,
          "schema_version": 0,
          "attributes": {
            "id": "/subscriptions/59d574d4-1c03-4092-ab22-312ed594eec9/resourceGroups/rg-spoke/providers/Microsoft.Network/privateDnsZones/privatelink.azurecr.io/virtualNetworkLinks/link_private_dns_zone_acr_to_vnet_hub",
            "name": "link_private_dns_zone_acr_to_vnet_hub",
            "private_dns_zone_name": "privatelink.azurecr.io",
            "registration_enabled": false,
            "resource_group_name": "rg-spoke",
            "tags": {},
            "timeouts": null,
            "virtual_network_id": "/subscriptions/4b72ed90-7ca3-4e76-8d0f-31a2c0bee7a3/resourceGroups/rg-hub/providers/Microsoft.Network/virtualNetworks/vnet-hub"
          },
          "sensitive_attributes": [],
          "private": "eyJlMmJmYjczMC1lY2FhLTExZTYtOGY4OC0zNDM2M2JjN2M0YzAiOnsiY3JlYXRlIjoxODAwMDAwMDAwMDAwLCJkZWxldGUiOjE4MDAwMDAwMDAwMDAsInJlYWQiOjMwMDAwMDAwMDAwMCwidXBkYXRlIjoxODAwMDAwMDAwMDAwfX0=",
          "dependencies": [
            "azurerm_private_dns_zone.private_dns_zone_acr",
            "azurerm_resource_group.rg_hub",
            "azurerm_resource_group.rg_spoke",
            "azurerm_virtual_network.vnet_hub"
          ]
        }
      ]
    },
    {
      "mode": "managed",
      "type": "azurerm_private_dns_zone_virtual_network_link",
      "name": "link_private_dns_zone_aks_to_vnet_hub",
      "provider": "provider[\"registry.terraform.io/hashicorp/azurerm\"]",
      "instances": [
        {
          "index_key": 0,
          "schema_version": 0,
          "attributes": {
            "id": "/subscriptions/59d574d4-1c03-4092-ab22-312ed594eec9/resourceGroups/rg-aks-cluster/providers/Microsoft.Network/privateDnsZones/privatelink.westeurope.azmk8s.io/virtualNetworkLinks/link_private_dns_zone_aks_to_vnet_hub",
            "name": "link_private_dns_zone_aks_to_vnet_hub",
            "private_dns_zone_name": "privatelink.westeurope.azmk8s.io",
            "registration_enabled": false,
            "resource_group_name": "rg-aks-cluster",
            "tags": {},
            "timeouts": null,
            "virtual_network_id": "/subscriptions/4b72ed90-7ca3-4e76-8d0f-31a2c0bee7a3/resourceGroups/rg-hub/providers/Microsoft.Network/virtualNetworks/vnet-hub"
          },
          "sensitive_attributes": [],
          "private": "eyJlMmJmYjczMC1lY2FhLTExZTYtOGY4OC0zNDM2M2JjN2M0YzAiOnsiY3JlYXRlIjoxODAwMDAwMDAwMDAwLCJkZWxldGUiOjE4MDAwMDAwMDAwMDAsInJlYWQiOjMwMDAwMDAwMDAwMCwidXBkYXRlIjoxODAwMDAwMDAwMDAwfX0=",
          "dependencies": [
            "azurerm_private_dns_zone.private_dns_zone_aks",
            "azurerm_resource_group.rg_aks",
            "azurerm_resource_group.rg_hub",
            "azurerm_virtual_network.vnet_hub"
          ]
        }
      ]
    },
    {
      "mode": "managed",
      "type": "azurerm_private_dns_zone_virtual_network_link",
      "name": "link_private_dns_zone_keyvault_to_vnet_hub",
      "provider": "provider[\"registry.terraform.io/hashicorp/azurerm\"]",
      "instances": [
        {
          "index_key": 0,
          "schema_version": 0,
          "attributes": {
            "id": "/subscriptions/59d574d4-1c03-4092-ab22-312ed594eec9/resourceGroups/rg-spoke/providers/Microsoft.Network/privateDnsZones/privatelink.vaultcore.azure.net/virtualNetworkLinks/link_private_dns_zone_keyvault_to_vnet_hub",
            "name": "link_private_dns_zone_keyvault_to_vnet_hub",
            "private_dns_zone_name": "privatelink.vaultcore.azure.net",
            "registration_enabled": false,
            "resource_group_name": "rg-spoke",
            "tags": {},
            "timeouts": null,
            "virtual_network_id": "/subscriptions/4b72ed90-7ca3-4e76-8d0f-31a2c0bee7a3/resourceGroups/rg-hub/providers/Microsoft.Network/virtualNetworks/vnet-hub"
          },
          "sensitive_attributes": [],
          "private": "eyJlMmJmYjczMC1lY2FhLTExZTYtOGY4OC0zNDM2M2JjN2M0YzAiOnsiY3JlYXRlIjoxODAwMDAwMDAwMDAwLCJkZWxldGUiOjE4MDAwMDAwMDAwMDAsInJlYWQiOjMwMDAwMDAwMDAwMCwidXBkYXRlIjoxODAwMDAwMDAwMDAwfX0=",
          "dependencies": [
            "azurerm_private_dns_zone.private_dns_zone_keyvault",
            "azurerm_resource_group.rg_hub",
            "azurerm_resource_group.rg_spoke",
            "azurerm_virtual_network.vnet_hub"
          ]
        }
      ]
    },
    {
      "mode": "managed",
      "type": "azurerm_private_endpoint",
      "name": "pe_acr",
      "provider": "provider[\"registry.terraform.io/hashicorp/azurerm\"]",
      "instances": [
        {
          "index_key": 0,
          "schema_version": 0,
          "attributes": {
            "custom_dns_configs": [],
            "custom_network_interface_name": "",
            "id": "/subscriptions/59d574d4-1c03-4092-ab22-312ed594eec9/resourceGroups/rg-spoke/providers/Microsoft.Network/privateEndpoints/private-endpoint-acr",
            "ip_configuration": [],
            "location": "westeurope",
            "name": "private-endpoint-acr",
            "network_interface": [
              {
                "id": "/subscriptions/59d574d4-1c03-4092-ab22-312ed594eec9/resourceGroups/rg-spoke/providers/Microsoft.Network/networkInterfaces/private-endpoint-acr.nic.06691f8a-2409-47f6-bdf9-ba22187ae7db",
                "name": "private-endpoint-acr.nic.06691f8a-2409-47f6-bdf9-ba22187ae7db"
              }
            ],
            "private_dns_zone_configs": [
              {
                "id": "/subscriptions/59d574d4-1c03-4092-ab22-312ed594eec9/resourceGroups/rg-spoke/providers/Microsoft.Network/privateEndpoints/private-endpoint-acr/privateDnsZoneGroups/private-dns-zone-group-acr/privateDnsZoneConfigs/privatelink.azurecr.io",
                "name": "privatelink.azurecr.io",
                "private_dns_zone_id": "/subscriptions/59d574d4-1c03-4092-ab22-312ed594eec9/resourceGroups/rg-spoke/providers/Microsoft.Network/privateDnsZones/privatelink.azurecr.io",
                "record_sets": [
                  {
                    "fqdn": "acrforakstf0111.westeurope.data.privatelink.azurecr.io",
                    "ip_addresses": [
                      "10.3.0.4"
                    ],
                    "name": "acrforakstf0111.westeurope.data",
                    "ttl": 10,
                    "type": "A"
                  },
                  {
                    "fqdn": "acrforakstf0111.privatelink.azurecr.io",
                    "ip_addresses": [
                      "10.3.0.5"
                    ],
                    "name": "acrforakstf0111",
                    "ttl": 10,
                    "type": "A"
                  }
                ]
              }
            ],
            "private_dns_zone_group": [
              {
                "id": "/subscriptions/59d574d4-1c03-4092-ab22-312ed594eec9/resourceGroups/rg-spoke/providers/Microsoft.Network/privateEndpoints/private-endpoint-acr/privateDnsZoneGroups/private-dns-zone-group-acr",
                "name": "private-dns-zone-group-acr",
                "private_dns_zone_ids": [
                  "/subscriptions/59d574d4-1c03-4092-ab22-312ed594eec9/resourceGroups/rg-spoke/providers/Microsoft.Network/privateDnsZones/privatelink.azurecr.io"
                ]
              }
            ],
            "private_service_connection": [
              {
                "is_manual_connection": false,
                "name": "connection-acr",
                "private_connection_resource_alias": "",
                "private_connection_resource_id": "/subscriptions/59d574d4-1c03-4092-ab22-312ed594eec9/resourceGroups/rg-spoke/providers/Microsoft.ContainerRegistry/registries/acrforakstf0111",
                "private_ip_address": "10.3.0.4",
                "request_message": "",
                "subresource_names": [
                  "registry"
                ]
              }
            ],
            "resource_group_name": "rg-spoke",
            "subnet_id": "/subscriptions/59d574d4-1c03-4092-ab22-312ed594eec9/resourceGroups/rg-aks-cluster/providers/Microsoft.Network/virtualNetworks/vnet-spoke/subnets/subnet-pe",
            "tags": {
              "environment": "development",
              "source": "terraform"
            },
            "timeouts": null
          },
          "sensitive_attributes": [],
          "private": "eyJlMmJmYjczMC1lY2FhLTExZTYtOGY4OC0zNDM2M2JjN2M0YzAiOnsiY3JlYXRlIjozNjAwMDAwMDAwMDAwLCJkZWxldGUiOjM2MDAwMDAwMDAwMDAsInJlYWQiOjMwMDAwMDAwMDAwMCwidXBkYXRlIjozNjAwMDAwMDAwMDAwfX0=",
          "dependencies": [
            "azurerm_container_registry.acr",
            "azurerm_private_dns_zone.private_dns_zone_acr",
            "azurerm_resource_group.rg_aks",
            "azurerm_resource_group.rg_spoke",
            "azurerm_subnet.subnet_pe",
            "azurerm_virtual_network.vnet_spoke"
          ]
        }
      ]
    },
    {
      "mode": "managed",
      "type": "azurerm_private_endpoint",
      "name": "pe_keyvault",
      "provider": "provider[\"registry.terraform.io/hashicorp/azurerm\"]",
      "instances": []
    },
    {
      "mode": "managed",
      "type": "azurerm_public_ip",
      "name": "appgw_pip",
      "provider": "provider[\"registry.terraform.io/hashicorp/azurerm\"]",
      "instances": [
        {
          "index_key": 0,
          "schema_version": 0,
          "attributes": {
            "allocation_method": "Static",
            "domain_name_label": null,
            "edge_zone": "",
            "fqdn": null,
            "id": "/subscriptions/59d574d4-1c03-4092-ab22-312ed594eec9/resourceGroups/rg-aks-cluster/providers/Microsoft.Network/publicIPAddresses/public-ip-appgw",
            "idle_timeout_in_minutes": 4,
            "ip_address": "23.97.140.177",
            "ip_tags": {},
            "ip_version": "IPv4",
            "location": "westeurope",
            "name": "public-ip-appgw",
            "public_ip_prefix_id": null,
            "resource_group_name": "rg-aks-cluster",
            "reverse_fqdn": null,
            "sku": "Standard",
            "sku_tier": "Regional",
            "tags": {
              "environment": "development",
              "source": "terraform"
            },
            "timeouts": null,
            "zones": []
          },
          "sensitive_attributes": [],
          "private": "eyJlMmJmYjczMC1lY2FhLTExZTYtOGY4OC0zNDM2M2JjN2M0YzAiOnsiY3JlYXRlIjoxODAwMDAwMDAwMDAwLCJkZWxldGUiOjE4MDAwMDAwMDAwMDAsInJlYWQiOjMwMDAwMDAwMDAwMCwidXBkYXRlIjoxODAwMDAwMDAwMDAwfX0=",
          "dependencies": [
            "azurerm_resource_group.rg_aks"
          ],
          "create_before_destroy": true
        }
      ]
    },
    {
      "mode": "managed",
      "type": "azurerm_public_ip",
      "name": "natgw_pip",
      "provider": "provider[\"registry.terraform.io/hashicorp/azurerm\"]",
      "instances": [
        {
          "index_key": 0,
          "schema_version": 0,
          "attributes": {
            "allocation_method": "Static",
            "domain_name_label": null,
            "edge_zone": "",
            "fqdn": null,
            "id": "/subscriptions/59d574d4-1c03-4092-ab22-312ed594eec9/resourceGroups/rg-aks-cluster/providers/Microsoft.Network/publicIPAddresses/nat-gateway-public-ip",
            "idle_timeout_in_minutes": 4,
            "ip_address": "20.123.212.74",
            "ip_tags": {},
            "ip_version": "IPv4",
            "location": "westeurope",
            "name": "nat-gateway-public-ip",
            "public_ip_prefix_id": null,
            "resource_group_name": "rg-aks-cluster",
            "reverse_fqdn": null,
            "sku": "Standard",
            "sku_tier": "Regional",
            "tags": {},
            "timeouts": null,
            "zones": [
              "1"
            ]
          },
          "sensitive_attributes": [],
          "private": "eyJlMmJmYjczMC1lY2FhLTExZTYtOGY4OC0zNDM2M2JjN2M0YzAiOnsiY3JlYXRlIjoxODAwMDAwMDAwMDAwLCJkZWxldGUiOjE4MDAwMDAwMDAwMDAsInJlYWQiOjMwMDAwMDAwMDAwMCwidXBkYXRlIjoxODAwMDAwMDAwMDAwfX0=",
          "dependencies": [
            "azurerm_resource_group.rg_aks"
          ]
        }
      ]
    },
    {
      "mode": "managed",
      "type": "azurerm_public_ip",
      "name": "public_ip_firewall",
      "provider": "provider[\"registry.terraform.io/hashicorp/azurerm\"].subscription_hub",
      "instances": [
        {
          "schema_version": 0,
          "attributes": {
            "allocation_method": "Static",
            "domain_name_label": null,
            "edge_zone": "",
            "fqdn": null,
            "id": "/subscriptions/4b72ed90-7ca3-4e76-8d0f-31a2c0bee7a3/resourceGroups/rg-hub/providers/Microsoft.Network/publicIPAddresses/public-ip-firewall",
            "idle_timeout_in_minutes": 4,
            "ip_address": "20.126.2.183",
            "ip_tags": {},
            "ip_version": "IPv4",
            "location": "westeurope",
            "name": "public-ip-firewall",
            "public_ip_prefix_id": null,
            "resource_group_name": "rg-hub",
            "reverse_fqdn": null,
            "sku": "Standard",
            "sku_tier": "Regional",
            "tags": {},
            "timeouts": null,
            "zones": []
          },
          "sensitive_attributes": [],
          "private": "eyJlMmJmYjczMC1lY2FhLTExZTYtOGY4OC0zNDM2M2JjN2M0YzAiOnsiY3JlYXRlIjoxODAwMDAwMDAwMDAwLCJkZWxldGUiOjE4MDAwMDAwMDAwMDAsInJlYWQiOjMwMDAwMDAwMDAwMCwidXBkYXRlIjoxODAwMDAwMDAwMDAwfX0=",
          "dependencies": [
            "azurerm_resource_group.rg_hub"
          ]
        }
      ]
    },
    {
      "mode": "managed",
      "type": "azurerm_public_ip_prefix",
      "name": "natgw_ip_prefix",
      "provider": "provider[\"registry.terraform.io/hashicorp/azurerm\"]",
      "instances": [
        {
          "index_key": 0,
          "schema_version": 0,
          "attributes": {
            "id": "/subscriptions/59d574d4-1c03-4092-ab22-312ed594eec9/resourceGroups/rg-aks-cluster/providers/Microsoft.Network/publicIPPrefixes/nat-gateway-public-ip-prefix",
            "ip_prefix": "20.123.213.164/30",
            "ip_version": "IPv4",
            "location": "westeurope",
            "name": "nat-gateway-public-ip-prefix",
            "prefix_length": 30,
            "resource_group_name": "rg-aks-cluster",
            "sku": "Standard",
            "tags": {},
            "timeouts": null,
            "zones": [
              "1"
            ]
          },
          "sensitive_attributes": [],
          "private": "eyJlMmJmYjczMC1lY2FhLTExZTYtOGY4OC0zNDM2M2JjN2M0YzAiOnsiY3JlYXRlIjoxODAwMDAwMDAwMDAwLCJkZWxldGUiOjE4MDAwMDAwMDAwMDAsInJlYWQiOjMwMDAwMDAwMDAwMCwidXBkYXRlIjoxODAwMDAwMDAwMDAwfX0=",
          "dependencies": [
            "azurerm_resource_group.rg_aks"
          ]
        }
      ]
    },
    {
      "mode": "managed",
      "type": "azurerm_resource_group",
      "name": "rg_aks",
      "provider": "provider[\"registry.terraform.io/hashicorp/azurerm\"]",
      "instances": [
        {
          "schema_version": 0,
          "attributes": {
            "id": "/subscriptions/59d574d4-1c03-4092-ab22-312ed594eec9/resourceGroups/rg-aks-cluster",
            "location": "westeurope",
            "name": "rg-aks-cluster",
            "tags": {
              "environment": "development",
              "source": "terraform"
            },
            "timeouts": null
          },
          "sensitive_attributes": [],
          "private": "eyJlMmJmYjczMC1lY2FhLTExZTYtOGY4OC0zNDM2M2JjN2M0YzAiOnsiY3JlYXRlIjo1NDAwMDAwMDAwMDAwLCJkZWxldGUiOjU0MDAwMDAwMDAwMDAsInJlYWQiOjMwMDAwMDAwMDAwMCwidXBkYXRlIjo1NDAwMDAwMDAwMDAwfX0=",
          "create_before_destroy": true
        }
      ]
    },
    {
      "mode": "managed",
      "type": "azurerm_resource_group",
      "name": "rg_hub",
      "provider": "provider[\"registry.terraform.io/hashicorp/azurerm\"].subscription_hub",
      "instances": [
        {
          "schema_version": 0,
          "attributes": {
            "id": "/subscriptions/4b72ed90-7ca3-4e76-8d0f-31a2c0bee7a3/resourceGroups/rg-hub",
            "location": "westeurope",
            "name": "rg-hub",
            "tags": {
              "environment": "development",
              "source": "terraform"
            },
            "timeouts": null
          },
          "sensitive_attributes": [],
          "private": "eyJlMmJmYjczMC1lY2FhLTExZTYtOGY4OC0zNDM2M2JjN2M0YzAiOnsiY3JlYXRlIjo1NDAwMDAwMDAwMDAwLCJkZWxldGUiOjU0MDAwMDAwMDAwMDAsInJlYWQiOjMwMDAwMDAwMDAwMCwidXBkYXRlIjo1NDAwMDAwMDAwMDAwfX0="
        }
      ]
    },
    {
      "mode": "managed",
      "type": "azurerm_resource_group",
      "name": "rg_spoke",
      "provider": "provider[\"registry.terraform.io/hashicorp/azurerm\"]",
      "instances": [
        {
          "schema_version": 0,
          "attributes": {
            "id": "/subscriptions/59d574d4-1c03-4092-ab22-312ed594eec9/resourceGroups/rg-spoke",
            "location": "westeurope",
            "name": "rg-spoke",
            "tags": {
              "environment": "development",
              "source": "terraform"
            },
            "timeouts": null
          },
          "sensitive_attributes": [],
          "private": "eyJlMmJmYjczMC1lY2FhLTExZTYtOGY4OC0zNDM2M2JjN2M0YzAiOnsiY3JlYXRlIjo1NDAwMDAwMDAwMDAwLCJkZWxldGUiOjU0MDAwMDAwMDAwMDAsInJlYWQiOjMwMDAwMDAwMDAwMCwidXBkYXRlIjo1NDAwMDAwMDAwMDAwfX0="
        }
      ]
    },
    {
      "mode": "managed",
      "type": "azurerm_role_assignment",
      "name": "role-contributor",
      "provider": "provider[\"registry.terraform.io/hashicorp/azurerm\"]",
      "instances": [
        {
          "index_key": 0,
          "schema_version": 0,
          "attributes": {
            "condition": "",
            "condition_version": "",
            "delegated_managed_identity_resource_id": "",
            "description": "",
            "id": "/subscriptions/59d574d4-1c03-4092-ab22-312ed594eec9/resourceGroups/rg-aks-cluster/providers/Microsoft.Authorization/roleAssignments/4d11dcc3-f1f8-0b60-d514-67e2f6f61ab5",
            "name": "4d11dcc3-f1f8-0b60-d514-67e2f6f61ab5",
            "principal_id": "1363ede5-932e-4c96-a30c-fd17cb329b38",
            "principal_type": "ServicePrincipal",
            "role_definition_id": "/subscriptions/59d574d4-1c03-4092-ab22-312ed594eec9/providers/Microsoft.Authorization/roleDefinitions/b24988ac-6180-42a0-ab88-20f7382dd24c",
            "role_definition_name": "Contributor",
            "scope": "/subscriptions/59d574d4-1c03-4092-ab22-312ed594eec9/resourceGroups/rg-aks-cluster",
            "skip_service_principal_aad_check": null,
            "timeouts": null
          },
          "sensitive_attributes": [],
          "private": "eyJlMmJmYjczMC1lY2FhLTExZTYtOGY4OC0zNDM2M2JjN2M0YzAiOnsiY3JlYXRlIjoxODAwMDAwMDAwMDAwLCJkZWxldGUiOjE4MDAwMDAwMDAwMDAsInJlYWQiOjMwMDAwMDAwMDAwMCwidXBkYXRlIjoxODAwMDAwMDAwMDAwfX0=",
          "dependencies": [
            "azuread_group.aks_admins",
            "azurerm_application_gateway.appgw",
            "azurerm_kubernetes_cluster.aks",
            "azurerm_log_analytics_workspace.workspace",
            "azurerm_private_dns_zone.private_dns_zone_aks",
            "azurerm_public_ip.appgw_pip",
            "azurerm_resource_group.rg_aks",
            "azurerm_resource_group.rg_spoke",
            "azurerm_subnet.subnet_appgw",
            "azurerm_subnet.subnet_nodes",
            "azurerm_subnet.subnet_pods",
            "azurerm_user_assigned_identity.identity-kubelet",
            "azurerm_user_assigned_identity.identity_aks",
            "azurerm_virtual_network.vnet_spoke",
            "data.azurerm_subscription.current"
          ]
        }
      ]
    },
    {
      "mode": "managed",
      "type": "azurerm_role_assignment",
      "name": "role_acrpull",
      "provider": "provider[\"registry.terraform.io/hashicorp/azurerm\"]",
      "instances": [
        {
          "schema_version": 0,
          "attributes": {
            "condition": "",
            "condition_version": "",
            "delegated_managed_identity_resource_id": "",
            "description": "",
            "id": "/subscriptions/59d574d4-1c03-4092-ab22-312ed594eec9/resourceGroups/rg-spoke/providers/Microsoft.ContainerRegistry/registries/acrforakstf0111/providers/Microsoft.Authorization/roleAssignments/149de604-4191-472c-9083-ad17563f7da8",
            "name": "149de604-4191-472c-9083-ad17563f7da8",
            "principal_id": "24abda47-4490-4f72-aae6-9677ac0ddf94",
            "principal_type": "ServicePrincipal",
            "role_definition_id": "/subscriptions/59d574d4-1c03-4092-ab22-312ed594eec9/providers/Microsoft.Authorization/roleDefinitions/7f951dda-4ed3-4680-a7ca-43fe172d538d",
            "role_definition_name": "AcrPull",
            "scope": "/subscriptions/59d574d4-1c03-4092-ab22-312ed594eec9/resourceGroups/rg-spoke/providers/Microsoft.ContainerRegistry/registries/acrforakstf0111",
            "skip_service_principal_aad_check": true,
            "timeouts": null
          },
          "sensitive_attributes": [],
          "private": "eyJlMmJmYjczMC1lY2FhLTExZTYtOGY4OC0zNDM2M2JjN2M0YzAiOnsiY3JlYXRlIjoxODAwMDAwMDAwMDAwLCJkZWxldGUiOjE4MDAwMDAwMDAwMDAsInJlYWQiOjMwMDAwMDAwMDAwMCwidXBkYXRlIjoxODAwMDAwMDAwMDAwfX0=",
          "dependencies": [
            "azurerm_container_registry.acr",
            "azurerm_resource_group.rg_aks",
            "azurerm_resource_group.rg_spoke",
            "azurerm_user_assigned_identity.identity-kubelet"
          ]
        }
      ]
    },
    {
      "mode": "managed",
      "type": "azurerm_role_assignment",
      "name": "role_identity_aks_contributor",
      "provider": "provider[\"registry.terraform.io/hashicorp/azurerm\"]",
      "instances": [
        {
          "schema_version": 0,
          "attributes": {
            "condition": "",
            "condition_version": "",
            "delegated_managed_identity_resource_id": "",
            "description": "",
            "id": "/subscriptions/59d574d4-1c03-4092-ab22-312ed594eec9/resourceGroups/rg-aks-cluster/providers/Microsoft.Authorization/roleAssignments/68ecb728-ad4e-dd88-fa6b-d1de5d66e62d",
            "name": "68ecb728-ad4e-dd88-fa6b-d1de5d66e62d",
            "principal_id": "47e4d803-1621-4710-a77c-11c494a1f894",
            "principal_type": "ServicePrincipal",
            "role_definition_id": "/subscriptions/59d574d4-1c03-4092-ab22-312ed594eec9/providers/Microsoft.Authorization/roleDefinitions/b24988ac-6180-42a0-ab88-20f7382dd24c",
            "role_definition_name": "Contributor",
            "scope": "/subscriptions/59d574d4-1c03-4092-ab22-312ed594eec9/resourceGroups/rg-aks-cluster",
            "skip_service_principal_aad_check": true,
            "timeouts": null
          },
          "sensitive_attributes": [],
          "private": "eyJlMmJmYjczMC1lY2FhLTExZTYtOGY4OC0zNDM2M2JjN2M0YzAiOnsiY3JlYXRlIjoxODAwMDAwMDAwMDAwLCJkZWxldGUiOjE4MDAwMDAwMDAwMDAsInJlYWQiOjMwMDAwMDAwMDAwMCwidXBkYXRlIjoxODAwMDAwMDAwMDAwfX0=",
          "dependencies": [
            "azurerm_resource_group.rg_aks",
            "azurerm_user_assigned_identity.identity_aks"
          ]
        }
      ]
    },
    {
      "mode": "managed",
      "type": "azurerm_role_assignment",
      "name": "role_identity_aks_mi_operator",
      "provider": "provider[\"registry.terraform.io/hashicorp/azurerm\"]",
      "instances": [
        {
          "schema_version": 0,
          "attributes": {
            "condition": "",
            "condition_version": "",
            "delegated_managed_identity_resource_id": "",
            "description": "",
            "id": "/subscriptions/59d574d4-1c03-4092-ab22-312ed594eec9/resourceGroups/rg-aks-cluster/providers/Microsoft.ManagedIdentity/userAssignedIdentities/aks-cluster-agentpool/providers/Microsoft.Authorization/roleAssignments/8fcc87e3-be94-9ff4-f460-d099cc182b7e",
            "name": "8fcc87e3-be94-9ff4-f460-d099cc182b7e",
            "principal_id": "47e4d803-1621-4710-a77c-11c494a1f894",
            "principal_type": "ServicePrincipal",
            "role_definition_id": "/subscriptions/59d574d4-1c03-4092-ab22-312ed594eec9/providers/Microsoft.Authorization/roleDefinitions/f1a07417-d97a-45cb-824c-7a7467783830",
            "role_definition_name": "Managed Identity Operator",
            "scope": "/subscriptions/59d574d4-1c03-4092-ab22-312ed594eec9/resourceGroups/rg-aks-cluster/providers/Microsoft.ManagedIdentity/userAssignedIdentities/aks-cluster-agentpool",
            "skip_service_principal_aad_check": true,
            "timeouts": null
          },
          "sensitive_attributes": [],
          "private": "eyJlMmJmYjczMC1lY2FhLTExZTYtOGY4OC0zNDM2M2JjN2M0YzAiOnsiY3JlYXRlIjoxODAwMDAwMDAwMDAwLCJkZWxldGUiOjE4MDAwMDAwMDAwMDAsInJlYWQiOjMwMDAwMDAwMDAwMCwidXBkYXRlIjoxODAwMDAwMDAwMDAwfX0=",
          "dependencies": [
            "azurerm_resource_group.rg_aks",
            "azurerm_user_assigned_identity.identity-kubelet",
            "azurerm_user_assigned_identity.identity_aks"
          ]
        }
      ]
    },
    {
      "mode": "managed",
      "type": "azurerm_role_assignment",
      "name": "role_identity_aks_network_contributor",
      "provider": "provider[\"registry.terraform.io/hashicorp/azurerm\"]",
      "instances": [
        {
          "schema_version": 0,
          "attributes": {
            "condition": "",
            "condition_version": "",
            "delegated_managed_identity_resource_id": "",
            "description": "",
            "id": "/subscriptions/59d574d4-1c03-4092-ab22-312ed594eec9/resourceGroups/rg-aks-cluster/providers/Microsoft.Network/virtualNetworks/vnet-spoke/providers/Microsoft.Authorization/roleAssignments/8b313961-19e2-e405-17f7-853501524f3f",
            "name": "8b313961-19e2-e405-17f7-853501524f3f",
            "principal_id": "47e4d803-1621-4710-a77c-11c494a1f894",
            "principal_type": "ServicePrincipal",
            "role_definition_id": "/subscriptions/59d574d4-1c03-4092-ab22-312ed594eec9/providers/Microsoft.Authorization/roleDefinitions/4d97b98b-1d4f-4787-a291-c67834d212e7",
            "role_definition_name": "Network Contributor",
            "scope": "/subscriptions/59d574d4-1c03-4092-ab22-312ed594eec9/resourceGroups/rg-aks-cluster/providers/Microsoft.Network/virtualNetworks/vnet-spoke",
            "skip_service_principal_aad_check": true,
            "timeouts": null
          },
          "sensitive_attributes": [],
          "private": "eyJlMmJmYjczMC1lY2FhLTExZTYtOGY4OC0zNDM2M2JjN2M0YzAiOnsiY3JlYXRlIjoxODAwMDAwMDAwMDAwLCJkZWxldGUiOjE4MDAwMDAwMDAwMDAsInJlYWQiOjMwMDAwMDAwMDAwMCwidXBkYXRlIjoxODAwMDAwMDAwMDAwfX0=",
          "dependencies": [
            "azurerm_resource_group.rg_aks",
            "azurerm_user_assigned_identity.identity_aks",
            "azurerm_virtual_network.vnet_spoke"
          ]
        }
      ]
    },
    {
      "mode": "managed",
      "type": "azurerm_role_assignment",
      "name": "role_identity_aks_network_contributor_subnet_apiserver",
      "provider": "provider[\"registry.terraform.io/hashicorp/azurerm\"]",
      "instances": []
    },
    {
      "mode": "managed",
      "type": "azurerm_role_assignment",
      "name": "role_private_dns_zone_aks_contributor",
      "provider": "provider[\"registry.terraform.io/hashicorp/azurerm\"]",
      "instances": [
        {
          "index_key": 0,
          "schema_version": 0,
          "attributes": {
            "condition": "",
            "condition_version": "",
            "delegated_managed_identity_resource_id": "",
            "description": "",
            "id": "/subscriptions/59d574d4-1c03-4092-ab22-312ed594eec9/resourceGroups/rg-aks-cluster/providers/Microsoft.Network/privateDnsZones/privatelink.westeurope.azmk8s.io/providers/Microsoft.Authorization/roleAssignments/2880a042-02e8-3464-babe-4bcbfbc9512c",
            "name": "2880a042-02e8-3464-babe-4bcbfbc9512c",
            "principal_id": "47e4d803-1621-4710-a77c-11c494a1f894",
            "principal_type": "ServicePrincipal",
            "role_definition_id": "/subscriptions/59d574d4-1c03-4092-ab22-312ed594eec9/providers/Microsoft.Authorization/roleDefinitions/b12aa53e-6015-4669-85d0-8515ebb3ae7f",
            "role_definition_name": "Private DNS Zone Contributor",
            "scope": "/subscriptions/59d574d4-1c03-4092-ab22-312ed594eec9/resourceGroups/rg-aks-cluster/providers/Microsoft.Network/privateDnsZones/privatelink.westeurope.azmk8s.io",
            "skip_service_principal_aad_check": null,
            "timeouts": null
          },
          "sensitive_attributes": [],
          "private": "eyJlMmJmYjczMC1lY2FhLTExZTYtOGY4OC0zNDM2M2JjN2M0YzAiOnsiY3JlYXRlIjoxODAwMDAwMDAwMDAwLCJkZWxldGUiOjE4MDAwMDAwMDAwMDAsInJlYWQiOjMwMDAwMDAwMDAwMCwidXBkYXRlIjoxODAwMDAwMDAwMDAwfX0=",
          "dependencies": [
            "azurerm_private_dns_zone.private_dns_zone_aks",
            "azurerm_resource_group.rg_aks",
            "azurerm_user_assigned_identity.identity_aks"
          ]
        }
      ]
    },
    {
      "mode": "managed",
      "type": "azurerm_role_assignment",
      "name": "role_secret_officer",
      "provider": "provider[\"registry.terraform.io/hashicorp/azurerm\"]",
      "instances": []
    },
    {
      "mode": "managed",
      "type": "azurerm_subnet",
      "name": "subnet_apiserver",
      "provider": "provider[\"registry.terraform.io/hashicorp/azurerm\"]",
      "instances": []
    },
    {
      "mode": "managed",
      "type": "azurerm_subnet",
      "name": "subnet_appgw",
      "provider": "provider[\"registry.terraform.io/hashicorp/azurerm\"]",
      "instances": [
        {
          "index_key": 0,
          "schema_version": 0,
          "attributes": {
            "address_prefixes": [
              "10.1.0.0/16"
            ],
            "delegation": [],
            "enforce_private_link_endpoint_network_policies": false,
            "enforce_private_link_service_network_policies": false,
            "id": "/subscriptions/59d574d4-1c03-4092-ab22-312ed594eec9/resourceGroups/rg-aks-cluster/providers/Microsoft.Network/virtualNetworks/vnet-spoke/subnets/subnet-appgw",
            "name": "subnet-appgw",
            "private_endpoint_network_policies_enabled": true,
            "private_link_service_network_policies_enabled": true,
            "resource_group_name": "rg-aks-cluster",
            "service_endpoint_policy_ids": [],
            "service_endpoints": [],
            "timeouts": null,
            "virtual_network_name": "vnet-spoke"
          },
          "sensitive_attributes": [],
          "private": "eyJlMmJmYjczMC1lY2FhLTExZTYtOGY4OC0zNDM2M2JjN2M0YzAiOnsiY3JlYXRlIjoxODAwMDAwMDAwMDAwLCJkZWxldGUiOjE4MDAwMDAwMDAwMDAsInJlYWQiOjMwMDAwMDAwMDAwMCwidXBkYXRlIjoxODAwMDAwMDAwMDAwfX0=",
          "dependencies": [
            "azurerm_resource_group.rg_aks",
            "azurerm_virtual_network.vnet_spoke"
          ],
          "create_before_destroy": true
        }
      ]
    },
    {
      "mode": "managed",
      "type": "azurerm_subnet",
      "name": "subnet_firewall",
      "provider": "provider[\"registry.terraform.io/hashicorp/azurerm\"].subscription_hub",
      "instances": [
        {
          "schema_version": 0,
          "attributes": {
            "address_prefixes": [
              "172.17.0.0/26"
            ],
            "delegation": [],
            "enforce_private_link_endpoint_network_policies": true,
            "enforce_private_link_service_network_policies": false,
            "id": "/subscriptions/4b72ed90-7ca3-4e76-8d0f-31a2c0bee7a3/resourceGroups/rg-hub/providers/Microsoft.Network/virtualNetworks/vnet-hub/subnets/AzureFirewallSubnet",
            "name": "AzureFirewallSubnet",
            "private_endpoint_network_policies_enabled": false,
            "private_link_service_network_policies_enabled": true,
            "resource_group_name": "rg-hub",
            "service_endpoint_policy_ids": [],
            "service_endpoints": [],
            "timeouts": null,
            "virtual_network_name": "vnet-hub"
          },
          "sensitive_attributes": [],
          "private": "eyJlMmJmYjczMC1lY2FhLTExZTYtOGY4OC0zNDM2M2JjN2M0YzAiOnsiY3JlYXRlIjoxODAwMDAwMDAwMDAwLCJkZWxldGUiOjE4MDAwMDAwMDAwMDAsInJlYWQiOjMwMDAwMDAwMDAwMCwidXBkYXRlIjoxODAwMDAwMDAwMDAwfX0=",
          "dependencies": [
            "azurerm_resource_group.rg_hub",
            "azurerm_virtual_network.vnet_hub"
          ]
        }
      ]
    },
    {
      "mode": "managed",
      "type": "azurerm_subnet",
      "name": "subnet_nodes",
      "provider": "provider[\"registry.terraform.io/hashicorp/azurerm\"]",
      "instances": [
        {
          "schema_version": 0,
          "attributes": {
            "address_prefixes": [
              "10.241.0.0/24"
            ],
            "delegation": [],
            "enforce_private_link_endpoint_network_policies": true,
            "enforce_private_link_service_network_policies": false,
            "id": "/subscriptions/59d574d4-1c03-4092-ab22-312ed594eec9/resourceGroups/rg-aks-cluster/providers/Microsoft.Network/virtualNetworks/vnet-spoke/subnets/subnet-aks-nodes",
            "name": "subnet-aks-nodes",
            "private_endpoint_network_policies_enabled": false,
            "private_link_service_network_policies_enabled": true,
            "resource_group_name": "rg-aks-cluster",
            "service_endpoint_policy_ids": [],
            "service_endpoints": [],
            "timeouts": null,
            "virtual_network_name": "vnet-spoke"
          },
          "sensitive_attributes": [],
          "private": "eyJlMmJmYjczMC1lY2FhLTExZTYtOGY4OC0zNDM2M2JjN2M0YzAiOnsiY3JlYXRlIjoxODAwMDAwMDAwMDAwLCJkZWxldGUiOjE4MDAwMDAwMDAwMDAsInJlYWQiOjMwMDAwMDAwMDAwMCwidXBkYXRlIjoxODAwMDAwMDAwMDAwfX0=",
          "dependencies": [
            "azurerm_resource_group.rg_aks",
            "azurerm_virtual_network.vnet_spoke"
          ]
        }
      ]
    },
    {
      "mode": "managed",
      "type": "azurerm_subnet",
      "name": "subnet_pe",
      "provider": "provider[\"registry.terraform.io/hashicorp/azurerm\"]",
      "instances": [
        {
          "index_key": 0,
          "schema_version": 0,
          "attributes": {
            "address_prefixes": [
              "10.3.0.0/28"
            ],
            "delegation": [],
            "enforce_private_link_endpoint_network_policies": false,
            "enforce_private_link_service_network_policies": false,
            "id": "/subscriptions/59d574d4-1c03-4092-ab22-312ed594eec9/resourceGroups/rg-aks-cluster/providers/Microsoft.Network/virtualNetworks/vnet-spoke/subnets/subnet-pe",
            "name": "subnet-pe",
            "private_endpoint_network_policies_enabled": true,
            "private_link_service_network_policies_enabled": true,
            "resource_group_name": "rg-aks-cluster",
            "service_endpoint_policy_ids": [],
            "service_endpoints": [],
            "timeouts": null,
            "virtual_network_name": "vnet-spoke"
          },
          "sensitive_attributes": [],
          "private": "eyJlMmJmYjczMC1lY2FhLTExZTYtOGY4OC0zNDM2M2JjN2M0YzAiOnsiY3JlYXRlIjoxODAwMDAwMDAwMDAwLCJkZWxldGUiOjE4MDAwMDAwMDAwMDAsInJlYWQiOjMwMDAwMDAwMDAwMCwidXBkYXRlIjoxODAwMDAwMDAwMDAwfX0=",
          "dependencies": [
            "azurerm_resource_group.rg_aks",
            "azurerm_virtual_network.vnet_spoke"
          ]
        }
      ]
    },
    {
      "mode": "managed",
      "type": "azurerm_subnet",
      "name": "subnet_pods",
      "provider": "provider[\"registry.terraform.io/hashicorp/azurerm\"]",
      "instances": [
        {
          "schema_version": 0,
          "attributes": {
            "address_prefixes": [
              "10.240.0.0/16"
            ],
            "delegation": [
              {
                "name": "aks-delegation",
                "service_delegation": [
                  {
                    "actions": [
                      "Microsoft.Network/virtualNetworks/subnets/join/action"
                    ],
                    "name": "Microsoft.ContainerService/managedClusters"
                  }
                ]
              }
            ],
            "enforce_private_link_endpoint_network_policies": false,
            "enforce_private_link_service_network_policies": false,
            "id": "/subscriptions/59d574d4-1c03-4092-ab22-312ed594eec9/resourceGroups/rg-aks-cluster/providers/Microsoft.Network/virtualNetworks/vnet-spoke/subnets/subnet-aks-pods",
            "name": "subnet-aks-pods",
            "private_endpoint_network_policies_enabled": true,
            "private_link_service_network_policies_enabled": true,
            "resource_group_name": "rg-aks-cluster",
            "service_endpoint_policy_ids": [],
            "service_endpoints": [],
            "timeouts": null,
            "virtual_network_name": "vnet-spoke"
          },
          "sensitive_attributes": [],
          "private": "eyJlMmJmYjczMC1lY2FhLTExZTYtOGY4OC0zNDM2M2JjN2M0YzAiOnsiY3JlYXRlIjoxODAwMDAwMDAwMDAwLCJkZWxldGUiOjE4MDAwMDAwMDAwMDAsInJlYWQiOjMwMDAwMDAwMDAwMCwidXBkYXRlIjoxODAwMDAwMDAwMDAwfX0=",
          "dependencies": [
            "azurerm_resource_group.rg_aks",
            "azurerm_virtual_network.vnet_spoke"
          ]
        }
      ]
    },
    {
      "mode": "managed",
      "type": "azurerm_subnet_nat_gateway_association",
      "name": "subnetappgw_assoc",
      "provider": "provider[\"registry.terraform.io/hashicorp/azurerm\"]",
      "instances": [
        {
          "index_key": 0,
          "schema_version": 0,
          "attributes": {
            "id": "/subscriptions/59d574d4-1c03-4092-ab22-312ed594eec9/resourceGroups/rg-aks-cluster/providers/Microsoft.Network/virtualNetworks/vnet-spoke/subnets/subnet-appgw",
            "nat_gateway_id": "/subscriptions/59d574d4-1c03-4092-ab22-312ed594eec9/resourceGroups/rg-aks-cluster/providers/Microsoft.Network/natGateways/nat-gateway",
            "subnet_id": "/subscriptions/59d574d4-1c03-4092-ab22-312ed594eec9/resourceGroups/rg-aks-cluster/providers/Microsoft.Network/virtualNetworks/vnet-spoke/subnets/subnet-appgw",
            "timeouts": null
          },
          "sensitive_attributes": [],
          "private": "eyJlMmJmYjczMC1lY2FhLTExZTYtOGY4OC0zNDM2M2JjN2M0YzAiOnsiY3JlYXRlIjoxODAwMDAwMDAwMDAwLCJkZWxldGUiOjE4MDAwMDAwMDAwMDAsInJlYWQiOjMwMDAwMDAwMDAwMCwidXBkYXRlIjoxODAwMDAwMDAwMDAwfX0=",
          "dependencies": [
            "azurerm_nat_gateway.natgw",
            "azurerm_resource_group.rg_aks",
            "azurerm_subnet.subnet_appgw",
            "azurerm_virtual_network.vnet_spoke"
          ]
        }
      ]
    },
    {
      "mode": "managed",
      "type": "azurerm_subnet_nat_gateway_association",
      "name": "subnetnodes_assoc",
      "provider": "provider[\"registry.terraform.io/hashicorp/azurerm\"]",
      "instances": [
        {
          "index_key": 0,
          "schema_version": 0,
          "attributes": {
            "id": "/subscriptions/59d574d4-1c03-4092-ab22-312ed594eec9/resourceGroups/rg-aks-cluster/providers/Microsoft.Network/virtualNetworks/vnet-spoke/subnets/subnet-aks-nodes",
            "nat_gateway_id": "/subscriptions/59d574d4-1c03-4092-ab22-312ed594eec9/resourceGroups/rg-aks-cluster/providers/Microsoft.Network/natGateways/nat-gateway",
            "subnet_id": "/subscriptions/59d574d4-1c03-4092-ab22-312ed594eec9/resourceGroups/rg-aks-cluster/providers/Microsoft.Network/virtualNetworks/vnet-spoke/subnets/subnet-aks-nodes",
            "timeouts": null
          },
          "sensitive_attributes": [],
          "private": "eyJlMmJmYjczMC1lY2FhLTExZTYtOGY4OC0zNDM2M2JjN2M0YzAiOnsiY3JlYXRlIjoxODAwMDAwMDAwMDAwLCJkZWxldGUiOjE4MDAwMDAwMDAwMDAsInJlYWQiOjMwMDAwMDAwMDAwMCwidXBkYXRlIjoxODAwMDAwMDAwMDAwfX0=",
          "dependencies": [
            "azurerm_nat_gateway.natgw",
            "azurerm_resource_group.rg_aks",
            "azurerm_subnet.subnet_nodes",
            "azurerm_virtual_network.vnet_spoke"
          ]
        }
      ]
    },
    {
      "mode": "managed",
      "type": "azurerm_subnet_nat_gateway_association",
      "name": "subnetpods_assoc",
      "provider": "provider[\"registry.terraform.io/hashicorp/azurerm\"]",
      "instances": [
        {
          "index_key": 0,
          "schema_version": 0,
          "attributes": {
            "id": "/subscriptions/59d574d4-1c03-4092-ab22-312ed594eec9/resourceGroups/rg-aks-cluster/providers/Microsoft.Network/virtualNetworks/vnet-spoke/subnets/subnet-aks-pods",
            "nat_gateway_id": "/subscriptions/59d574d4-1c03-4092-ab22-312ed594eec9/resourceGroups/rg-aks-cluster/providers/Microsoft.Network/natGateways/nat-gateway",
            "subnet_id": "/subscriptions/59d574d4-1c03-4092-ab22-312ed594eec9/resourceGroups/rg-aks-cluster/providers/Microsoft.Network/virtualNetworks/vnet-spoke/subnets/subnet-aks-pods",
            "timeouts": null
          },
          "sensitive_attributes": [],
          "private": "eyJlMmJmYjczMC1lY2FhLTExZTYtOGY4OC0zNDM2M2JjN2M0YzAiOnsiY3JlYXRlIjoxODAwMDAwMDAwMDAwLCJkZWxldGUiOjE4MDAwMDAwMDAwMDAsInJlYWQiOjMwMDAwMDAwMDAwMCwidXBkYXRlIjoxODAwMDAwMDAwMDAwfX0=",
          "dependencies": [
            "azurerm_nat_gateway.natgw",
            "azurerm_resource_group.rg_aks",
            "azurerm_subnet.subnet_pods",
            "azurerm_virtual_network.vnet_spoke"
          ]
        }
      ]
    },
    {
      "mode": "managed",
      "type": "azurerm_user_assigned_identity",
      "name": "identity-kubelet",
      "provider": "provider[\"registry.terraform.io/hashicorp/azurerm\"]",
      "instances": [
        {
          "schema_version": 1,
          "attributes": {
            "client_id": "e0bdd696-c724-4789-a320-dadf9bb3c2bb",
            "id": "/subscriptions/59d574d4-1c03-4092-ab22-312ed594eec9/resourceGroups/rg-aks-cluster/providers/Microsoft.ManagedIdentity/userAssignedIdentities/aks-cluster-agentpool",
            "location": "westeurope",
            "name": "aks-cluster-agentpool",
            "principal_id": "24abda47-4490-4f72-aae6-9677ac0ddf94",
            "resource_group_name": "rg-aks-cluster",
            "tags": {
              "environment": "development",
              "source": "terraform"
            },
            "tenant_id": "558506eb-9459-4ef3-b920-ad55c555e729",
            "timeouts": null
          },
          "sensitive_attributes": [],
          "private": "eyJlMmJmYjczMC1lY2FhLTExZTYtOGY4OC0zNDM2M2JjN2M0YzAiOnsiY3JlYXRlIjoxODAwMDAwMDAwMDAwLCJkZWxldGUiOjE4MDAwMDAwMDAwMDAsInJlYWQiOjMwMDAwMDAwMDAwMCwidXBkYXRlIjoxODAwMDAwMDAwMDAwfSwic2NoZW1hX3ZlcnNpb24iOiIxIn0=",
          "dependencies": [
            "azurerm_resource_group.rg_aks"
          ]
        }
      ]
    },
    {
      "mode": "managed",
      "type": "azurerm_user_assigned_identity",
      "name": "identity_aks",
      "provider": "provider[\"registry.terraform.io/hashicorp/azurerm\"]",
      "instances": [
        {
          "schema_version": 1,
          "attributes": {
            "client_id": "d718a2fb-f18b-4a4a-b252-79c6f8e38748",
            "id": "/subscriptions/59d574d4-1c03-4092-ab22-312ed594eec9/resourceGroups/rg-aks-cluster/providers/Microsoft.ManagedIdentity/userAssignedIdentities/identity_aks",
            "location": "westeurope",
            "name": "identity_aks",
            "principal_id": "47e4d803-1621-4710-a77c-11c494a1f894",
            "resource_group_name": "rg-aks-cluster",
            "tags": {
              "environment": "development",
              "source": "terraform"
            },
            "tenant_id": "558506eb-9459-4ef3-b920-ad55c555e729",
            "timeouts": null
          },
          "sensitive_attributes": [],
          "private": "eyJlMmJmYjczMC1lY2FhLTExZTYtOGY4OC0zNDM2M2JjN2M0YzAiOnsiY3JlYXRlIjoxODAwMDAwMDAwMDAwLCJkZWxldGUiOjE4MDAwMDAwMDAwMDAsInJlYWQiOjMwMDAwMDAwMDAwMCwidXBkYXRlIjoxODAwMDAwMDAwMDAwfSwic2NoZW1hX3ZlcnNpb24iOiIxIn0=",
          "dependencies": [
            "azurerm_resource_group.rg_aks"
          ]
        }
      ]
    },
    {
      "mode": "managed",
      "type": "azurerm_virtual_network",
      "name": "vnet_hub",
      "provider": "provider[\"registry.terraform.io/hashicorp/azurerm\"].subscription_hub",
      "instances": [
        {
          "index_key": 0,
          "schema_version": 0,
          "attributes": {
            "address_space": [
              "172.17.0.0/16"
            ],
            "bgp_community": "",
            "ddos_protection_plan": [],
            "dns_servers": [],
            "edge_zone": "",
            "flow_timeout_in_minutes": 0,
            "guid": "3c2f380b-d688-41c6-bbb2-89bbd86f8138",
            "id": "/subscriptions/4b72ed90-7ca3-4e76-8d0f-31a2c0bee7a3/resourceGroups/rg-hub/providers/Microsoft.Network/virtualNetworks/vnet-hub",
            "location": "westeurope",
            "name": "vnet-hub",
            "resource_group_name": "rg-hub",
            "subnet": [
              {
                "address_prefix": "172.17.0.0/26",
                "id": "/subscriptions/4b72ed90-7ca3-4e76-8d0f-31a2c0bee7a3/resourceGroups/rg-hub/providers/Microsoft.Network/virtualNetworks/vnet-hub/subnets/AzureFirewallSubnet",
                "name": "AzureFirewallSubnet",
                "security_group": ""
              }
            ],
            "tags": {},
            "timeouts": null
          },
          "sensitive_attributes": [],
          "private": "eyJlMmJmYjczMC1lY2FhLTExZTYtOGY4OC0zNDM2M2JjN2M0YzAiOnsiY3JlYXRlIjoxODAwMDAwMDAwMDAwLCJkZWxldGUiOjE4MDAwMDAwMDAwMDAsInJlYWQiOjMwMDAwMDAwMDAwMCwidXBkYXRlIjoxODAwMDAwMDAwMDAwfX0=",
          "dependencies": [
            "azurerm_resource_group.rg_hub"
          ]
        }
      ]
    },
    {
      "mode": "managed",
      "type": "azurerm_virtual_network",
      "name": "vnet_spoke",
      "provider": "provider[\"registry.terraform.io/hashicorp/azurerm\"]",
      "instances": [
        {
          "schema_version": 0,
          "attributes": {
            "address_space": [
              "10.0.0.0/8"
            ],
            "bgp_community": "",
            "ddos_protection_plan": [],
            "dns_servers": [],
            "edge_zone": "",
            "flow_timeout_in_minutes": 0,
            "guid": "c9bac43b-2e6c-41a2-9f68-3beff4e0f0a0",
            "id": "/subscriptions/59d574d4-1c03-4092-ab22-312ed594eec9/resourceGroups/rg-aks-cluster/providers/Microsoft.Network/virtualNetworks/vnet-spoke",
            "location": "westeurope",
            "name": "vnet-spoke",
            "resource_group_name": "rg-aks-cluster",
            "subnet": [
              {
                "address_prefix": "10.1.0.0/16",
                "id": "/subscriptions/59d574d4-1c03-4092-ab22-312ed594eec9/resourceGroups/rg-aks-cluster/providers/Microsoft.Network/virtualNetworks/vnet-spoke/subnets/subnet-appgw",
                "name": "subnet-appgw",
                "security_group": ""
              },
              {
                "address_prefix": "10.240.0.0/16",
                "id": "/subscriptions/59d574d4-1c03-4092-ab22-312ed594eec9/resourceGroups/rg-aks-cluster/providers/Microsoft.Network/virtualNetworks/vnet-spoke/subnets/subnet-aks-pods",
                "name": "subnet-aks-pods",
                "security_group": ""
              },
              {
                "address_prefix": "10.241.0.0/24",
                "id": "/subscriptions/59d574d4-1c03-4092-ab22-312ed594eec9/resourceGroups/rg-aks-cluster/providers/Microsoft.Network/virtualNetworks/vnet-spoke/subnets/subnet-aks-nodes",
                "name": "subnet-aks-nodes",
                "security_group": ""
              },
              {
                "address_prefix": "10.3.0.0/28",
                "id": "/subscriptions/59d574d4-1c03-4092-ab22-312ed594eec9/resourceGroups/rg-aks-cluster/providers/Microsoft.Network/virtualNetworks/vnet-spoke/subnets/subnet-pe",
                "name": "subnet-pe",
                "security_group": ""
              }
            ],
            "tags": {
              "environment": "development",
              "source": "terraform"
            },
            "timeouts": null
          },
          "sensitive_attributes": [],
          "private": "eyJlMmJmYjczMC1lY2FhLTExZTYtOGY4OC0zNDM2M2JjN2M0YzAiOnsiY3JlYXRlIjoxODAwMDAwMDAwMDAwLCJkZWxldGUiOjE4MDAwMDAwMDAwMDAsInJlYWQiOjMwMDAwMDAwMDAwMCwidXBkYXRlIjoxODAwMDAwMDAwMDAwfX0=",
          "dependencies": [
            "azurerm_resource_group.rg_aks"
          ],
          "create_before_destroy": true
        }
      ]
    },
    {
      "mode": "managed",
      "type": "azurerm_virtual_network_peering",
      "name": "vnet_peering_hub_to_spoke",
      "provider": "provider[\"registry.terraform.io/hashicorp/azurerm\"].subscription_hub",
      "instances": [
        {
          "index_key": 0,
          "schema_version": 0,
          "attributes": {
            "allow_forwarded_traffic": true,
            "allow_gateway_transit": false,
            "allow_virtual_network_access": true,
            "id": "/subscriptions/4b72ed90-7ca3-4e76-8d0f-31a2c0bee7a3/resourceGroups/rg-hub/providers/Microsoft.Network/virtualNetworks/vnet-hub/virtualNetworkPeerings/vnet_peering_hub_to_spoke",
            "name": "vnet_peering_hub_to_spoke",
            "remote_virtual_network_id": "/subscriptions/59d574d4-1c03-4092-ab22-312ed594eec9/resourceGroups/rg-aks-cluster/providers/Microsoft.Network/virtualNetworks/vnet-spoke",
            "resource_group_name": "rg-hub",
            "timeouts": null,
            "use_remote_gateways": false,
            "virtual_network_name": "vnet-hub"
          },
          "sensitive_attributes": [],
          "private": "eyJlMmJmYjczMC1lY2FhLTExZTYtOGY4OC0zNDM2M2JjN2M0YzAiOnsiY3JlYXRlIjoxODAwMDAwMDAwMDAwLCJkZWxldGUiOjE4MDAwMDAwMDAwMDAsInJlYWQiOjMwMDAwMDAwMDAwMCwidXBkYXRlIjoxODAwMDAwMDAwMDAwfX0=",
          "dependencies": [
            "azurerm_resource_group.rg_aks",
            "azurerm_resource_group.rg_hub",
            "azurerm_virtual_network.vnet_hub",
            "azurerm_virtual_network.vnet_spoke"
          ]
        }
      ]
    },
    {
      "mode": "managed",
      "type": "azurerm_virtual_network_peering",
      "name": "vnet_peering_spoke_to_hub",
      "provider": "provider[\"registry.terraform.io/hashicorp/azurerm\"]",
      "instances": [
        {
          "index_key": 0,
          "schema_version": 0,
          "attributes": {
            "allow_forwarded_traffic": true,
            "allow_gateway_transit": false,
            "allow_virtual_network_access": true,
            "id": "/subscriptions/59d574d4-1c03-4092-ab22-312ed594eec9/resourceGroups/rg-aks-cluster/providers/Microsoft.Network/virtualNetworks/vnet-spoke/virtualNetworkPeerings/vnet_peering_spoke_to_hub",
            "name": "vnet_peering_spoke_to_hub",
            "remote_virtual_network_id": "/subscriptions/4b72ed90-7ca3-4e76-8d0f-31a2c0bee7a3/resourceGroups/rg-hub/providers/Microsoft.Network/virtualNetworks/vnet-hub",
            "resource_group_name": "rg-aks-cluster",
            "timeouts": null,
            "use_remote_gateways": false,
            "virtual_network_name": "vnet-spoke"
          },
          "sensitive_attributes": [],
          "private": "eyJlMmJmYjczMC1lY2FhLTExZTYtOGY4OC0zNDM2M2JjN2M0YzAiOnsiY3JlYXRlIjoxODAwMDAwMDAwMDAwLCJkZWxldGUiOjE4MDAwMDAwMDAwMDAsInJlYWQiOjMwMDAwMDAwMDAwMCwidXBkYXRlIjoxODAwMDAwMDAwMDAwfX0=",
          "dependencies": [
            "azurerm_resource_group.rg_aks",
            "azurerm_resource_group.rg_hub",
            "azurerm_virtual_network.vnet_hub",
            "azurerm_virtual_network.vnet_spoke"
          ]
        }
      ]
    }
  ],
  "check_results": []
}
