{
  "version": 4,
  "terraform_version": "1.2.3",
  "serial": 115,
  "lineage": "f8be61bc-555a-6717-5b0a-fc6f6e26838f",
  "outputs": {
    "aks_private_zone_id": {
      "value": "/subscriptions/7b1f7584-2f78-4923-851d-04a91bb32a57/resourceGroups/rg-aks-cluster/providers/Microsoft.Network/privateDnsZones/privatelink.westeurope.azmk8s.io",
      "type": "string"
    },
    "aks_private_zone_name": {
      "value": "privatelink.westeurope.azmk8s.io",
      "type": "string"
    },
    "application_ip_address": {
      "value": "Application Gateway is disabled",
      "type": "string"
    },
    "client_certificate": {
      "value": "",
      "type": "string",
      "sensitive": true
    },
    "client_key": {
      "value": "",
      "type": "string",
      "sensitive": true
    },
    "cluster_ca_certificate": {
      "value": "LS0tLS1CRUdJTiBDRVJUSUZJQ0FURS0tLS0tCk1JSUU2RENDQXRDZ0F3SUJBZ0lRSHU0RFhXRU5wU0ZIZDhsZVI2MXNzREFOQmdrcWhraUc5dzBCQVFzRkFEQU4KTVFzd0NRWURWUVFERXdKallUQWdGdzB5TWpBMk1qY3dPVEEwTXpaYUdBOHlNRFV5TURZeU56QTVNVFF6TmxvdwpEVEVMTUFrR0ExVUVBeE1DWTJFd2dnSWlNQTBHQ1NxR1NJYjNEUUVCQVFVQUE0SUNEd0F3Z2dJS0FvSUNBUUNkCm85T2g0Wm9VcnhGanRjd1Vydzg1QmJ1Vk5BVFdRRmEyeXJISkFuRk0ybURBNEdPWG9yV2JNbE90dFlxd0pKK3UKNWpzMUpORnoxTTZSc2x5ZTFmc2FNeEJXdGJ0d1owOGtMbHVFU2JVWXNDb3VRZ2tJZ1Fabkx0bys4SGhMbFovbQpqVzlyWS9FV1JjRDZRT2ROQkI5bG1JSUNCUmFqSzRmQlBlZlRGWUczOEtmMmRSaUkrSzZ4Y2RCTnp6NWhFa0UyCmFWTlBrVithUHlJVEpySVFvSTdPV2FRK2hYSjBhRUY2bFIxVDRkeCtMc1RIQWpaL3F2ZVkvMUd5czR2UWgwMi8KdGJldUhmQ0t3WEhYTEhidnZqckFmbiswbHNLZGgwZytmeFFRdTAxbGc4WGNnWGUyUkNNQ1VnKy9CTWdvM3pFcwpaYmlvekJmeTVQRElaYjd1SnlsWlkzR1Y2Sy91N2tLVHNEOExwM3JiRzc2TlZyTDhhQ0JYNEh4cUFXbGR0TkFSCmJLRVZ1MUNCSk00cGFTWENpaDlmYmdIRlNGcCtZWStwVDZHUnMybVErUzJsU3FxRHJNUlpUNUNkTWcrbmNrTncKWGJ5ZFJFMGhjR1Jjc040S2dUckViY2Fad1pGUWNLMUZkdS9lTmp1eFpEempsVnc3MDZMVUlVUlZSVlJiMG9OMQpNNXhLUEJQQzRsRzdpZjUwQnAyVXl2Mzh2bG9mZERDbjF3ckxFSGRkcUp1YjE1NkVKa1pDdmg4RnFkdlhydUY1CmJaOWszQnliTDJ1b3pDaldSTFBxa3lxWlJBY3hVZkw4VlRXNTNMZkhMdG85U0hqSzFpYWdFVXpLV1g4ZDJZNVQKbkwvV01EYm5uYXd1RUU1aGprY2FCTk1iZGc4b2dnRzBvb09ZdTRFckp3SURBUUFCbzBJd1FEQU9CZ05WSFE4QgpBZjhFQkFNQ0FxUXdEd1lEVlIwVEFRSC9CQVV3QXdFQi96QWRCZ05WSFE0RUZnUVVkZi9KRHVCMWQvQnV5bTc3CkJLU3FuU0VkNEFBd0RRWUpLb1pJaHZjTkFRRUxCUUFEZ2dJQkFBZjd5RFpCSlZZYXlETVFhTlJaTjFZMzNhbzQKTkNKOVUyeG02WldwSWRxSHA0aGE5bFp0YjRYNVNjQisyODVzQVVmZ0hDTzd0Qm5mL0VxanZ1UnB6dmp5T2doTQpaNnlSSGhqWHR1ZTB5YVNkN2lidTdsckc0akhIdUswc1BTeTBKWXNSSFBYU0hyeEdTc09teGhhTGsxRnFYZ2JmCkt2VjNyWC9UQzdpS0EwcERiQWpoWGNXZWF1SVdPY0RMVksyYktDemRNU1lQNmJoRUNHQTFXUWJHL3dZZzl2L2sKTnZLUzdkZ2hDSTN1eVNEcit2Y1o1WlJhZkVPbjc4b2xtemdLYlV3Q2tWUjg4RDMvb1N1a1FweGhuQ0N5RU9HdQpqd2hISGsyK2hrN1FLbStnRVRDblZKOFN5eHcyMXBHWjNBSlMxbGRLblRsMWJEbThnNjM3ZmU5bU9oYUhVTEZMCmdHdEJHa0RmQjdzNGdJVFVGcnJLTi9YdVo4MDVnR1JSRjdXSk8xN0hRdkpETnp3VmlJaWs2WFlsSjJFV0JxU0QKcy80Q1ZjZmdoMmx2cloySzdmSEE5STRVclpWWWhGU2hxeHZCVENmRGt1UWNDZ0UrNURDQ0hzbi8vK24wYXk1cQpnSldMTC9vcmljZXB2TnE5bE03c05LUjZLNEttTi8vOW90QlFCZEFKSVFrdlp4YnFUZERkOURqdnE2dzJCVCtDCk8wYjVnWDdCSUdQUVRXRXFLZ0QyVWdPZnZ1aFFvbEpIb3A2MVhjQzRKaHFUK0FjVTU1d1JqWWQrRlk1YVBUNGUKczFHTk9FbUlYV3hSU0hZQ21WV0U2OWM2bEpiR09uSGk4WXBXSDBFbldHb0I5RjU4SmN5YjFJK1pMT1JURjU4bwpJaDRiUDEyTkZ0YUdxMENPCi0tLS0tRU5EIENFUlRJRklDQVRFLS0tLS0K",
      "type": "string",
      "sensitive": true
    },
    "cluster_password": {
      "value": "",
      "type": "string",
      "sensitive": true
    },
    "cluster_username": {
      "value": "clusterUser_rg-aks-cluster_aks-cluster",
      "type": "string",
      "sensitive": true
    },
    "host": {
      "value": "https://aks-c0b2976d.privatelink.westeurope.azmk8s.io:443",
      "type": "string",
      "sensitive": true
    },
    "kube_config": {
      "value": "apiVersion: v1\nclusters:\n- cluster:\n    certificate-authority-data: LS0tLS1CRUdJTiBDRVJUSUZJQ0FURS0tLS0tCk1JSUU2RENDQXRDZ0F3SUJBZ0lRSHU0RFhXRU5wU0ZIZDhsZVI2MXNzREFOQmdrcWhraUc5dzBCQVFzRkFEQU4KTVFzd0NRWURWUVFERXdKallUQWdGdzB5TWpBMk1qY3dPVEEwTXpaYUdBOHlNRFV5TURZeU56QTVNVFF6TmxvdwpEVEVMTUFrR0ExVUVBeE1DWTJFd2dnSWlNQTBHQ1NxR1NJYjNEUUVCQVFVQUE0SUNEd0F3Z2dJS0FvSUNBUUNkCm85T2g0Wm9VcnhGanRjd1Vydzg1QmJ1Vk5BVFdRRmEyeXJISkFuRk0ybURBNEdPWG9yV2JNbE90dFlxd0pKK3UKNWpzMUpORnoxTTZSc2x5ZTFmc2FNeEJXdGJ0d1owOGtMbHVFU2JVWXNDb3VRZ2tJZ1Fabkx0bys4SGhMbFovbQpqVzlyWS9FV1JjRDZRT2ROQkI5bG1JSUNCUmFqSzRmQlBlZlRGWUczOEtmMmRSaUkrSzZ4Y2RCTnp6NWhFa0UyCmFWTlBrVithUHlJVEpySVFvSTdPV2FRK2hYSjBhRUY2bFIxVDRkeCtMc1RIQWpaL3F2ZVkvMUd5czR2UWgwMi8KdGJldUhmQ0t3WEhYTEhidnZqckFmbiswbHNLZGgwZytmeFFRdTAxbGc4WGNnWGUyUkNNQ1VnKy9CTWdvM3pFcwpaYmlvekJmeTVQRElaYjd1SnlsWlkzR1Y2Sy91N2tLVHNEOExwM3JiRzc2TlZyTDhhQ0JYNEh4cUFXbGR0TkFSCmJLRVZ1MUNCSk00cGFTWENpaDlmYmdIRlNGcCtZWStwVDZHUnMybVErUzJsU3FxRHJNUlpUNUNkTWcrbmNrTncKWGJ5ZFJFMGhjR1Jjc040S2dUckViY2Fad1pGUWNLMUZkdS9lTmp1eFpEempsVnc3MDZMVUlVUlZSVlJiMG9OMQpNNXhLUEJQQzRsRzdpZjUwQnAyVXl2Mzh2bG9mZERDbjF3ckxFSGRkcUp1YjE1NkVKa1pDdmg4RnFkdlhydUY1CmJaOWszQnliTDJ1b3pDaldSTFBxa3lxWlJBY3hVZkw4VlRXNTNMZkhMdG85U0hqSzFpYWdFVXpLV1g4ZDJZNVQKbkwvV01EYm5uYXd1RUU1aGprY2FCTk1iZGc4b2dnRzBvb09ZdTRFckp3SURBUUFCbzBJd1FEQU9CZ05WSFE4QgpBZjhFQkFNQ0FxUXdEd1lEVlIwVEFRSC9CQVV3QXdFQi96QWRCZ05WSFE0RUZnUVVkZi9KRHVCMWQvQnV5bTc3CkJLU3FuU0VkNEFBd0RRWUpLb1pJaHZjTkFRRUxCUUFEZ2dJQkFBZjd5RFpCSlZZYXlETVFhTlJaTjFZMzNhbzQKTkNKOVUyeG02WldwSWRxSHA0aGE5bFp0YjRYNVNjQisyODVzQVVmZ0hDTzd0Qm5mL0VxanZ1UnB6dmp5T2doTQpaNnlSSGhqWHR1ZTB5YVNkN2lidTdsckc0akhIdUswc1BTeTBKWXNSSFBYU0hyeEdTc09teGhhTGsxRnFYZ2JmCkt2VjNyWC9UQzdpS0EwcERiQWpoWGNXZWF1SVdPY0RMVksyYktDemRNU1lQNmJoRUNHQTFXUWJHL3dZZzl2L2sKTnZLUzdkZ2hDSTN1eVNEcit2Y1o1WlJhZkVPbjc4b2xtemdLYlV3Q2tWUjg4RDMvb1N1a1FweGhuQ0N5RU9HdQpqd2hISGsyK2hrN1FLbStnRVRDblZKOFN5eHcyMXBHWjNBSlMxbGRLblRsMWJEbThnNjM3ZmU5bU9oYUhVTEZMCmdHdEJHa0RmQjdzNGdJVFVGcnJLTi9YdVo4MDVnR1JSRjdXSk8xN0hRdkpETnp3VmlJaWs2WFlsSjJFV0JxU0QKcy80Q1ZjZmdoMmx2cloySzdmSEE5STRVclpWWWhGU2hxeHZCVENmRGt1UWNDZ0UrNURDQ0hzbi8vK24wYXk1cQpnSldMTC9vcmljZXB2TnE5bE03c05LUjZLNEttTi8vOW90QlFCZEFKSVFrdlp4YnFUZERkOURqdnE2dzJCVCtDCk8wYjVnWDdCSUdQUVRXRXFLZ0QyVWdPZnZ1aFFvbEpIb3A2MVhjQzRKaHFUK0FjVTU1d1JqWWQrRlk1YVBUNGUKczFHTk9FbUlYV3hSU0hZQ21WV0U2OWM2bEpiR09uSGk4WXBXSDBFbldHb0I5RjU4SmN5YjFJK1pMT1JURjU4bwpJaDRiUDEyTkZ0YUdxMENPCi0tLS0tRU5EIENFUlRJRklDQVRFLS0tLS0K\n    server: https://aks-c0b2976d.privatelink.westeurope.azmk8s.io:443\n  name: aks-cluster\ncontexts:\n- context:\n    cluster: aks-cluster\n    user: clusterUser_rg-aks-cluster_aks-cluster\n  name: aks-cluster\ncurrent-context: aks-cluster\nkind: Config\npreferences: {}\nusers:\n- name: clusterUser_rg-aks-cluster_aks-cluster\n  user:\n    auth-provider:\n      config:\n        apiserver-id: 6dae42f8-4368-4678-94ff-3960e28e3630\n        client-id: 80faf920-1908-4b52-b5ef-a8e7bedfc67a\n        config-mode: \"1\"\n        environment: AzurePublicCloud\n        tenant-id: 558506eb-9459-4ef3-b920-ad55c555e729\n      name: azure\n",
      "type": "string",
      "sensitive": true
    },
    "resource_group_name": {
      "value": "rg-aks-cluster",
      "type": "string"
    }
  },
  "resources": [
    {
      "mode": "data",
      "type": "azuread_client_config",
      "name": "current",
      "provider": "provider[\"registry.terraform.io/hashicorp/azuread\"]",
      "instances": [
        {
          "schema_version": 0,
          "attributes": {
            "client_id": "04b07795-8ddb-461a-bbee-02f9e1bf7b46",
            "id": "558506eb-9459-4ef3-b920-ad55c555e729-04b07795-8ddb-461a-bbee-02f9e1bf7b46-f97fc9ba-ebda-439e-825a-0e25801cb32c",
            "object_id": "f97fc9ba-ebda-439e-825a-0e25801cb32c",
            "tenant_id": "558506eb-9459-4ef3-b920-ad55c555e729",
            "timeouts": null
          },
          "sensitive_attributes": []
        }
      ]
    },
    {
      "mode": "data",
      "type": "azuread_service_principal",
      "name": "aks_aad_server",
      "provider": "provider[\"registry.terraform.io/hashicorp/azuread\"]",
      "instances": [
        {
          "schema_version": 0,
          "attributes": {
            "account_enabled": true,
            "alternative_names": [],
            "app_role_assignment_required": false,
            "app_role_ids": {},
            "app_roles": [],
            "application_id": "6dae42f8-4368-4678-94ff-3960e28e3630",
            "application_tenant_id": "f8cdef31-a31e-4b4a-93e4-5f571e91255a",
            "description": "",
            "display_name": "Azure Kubernetes Service AAD Server",
            "feature_tags": [
              {
                "custom_single_sign_on": false,
                "enterprise": false,
                "gallery": false,
                "hide": false
              }
            ],
            "features": [
              {
                "custom_single_sign_on_app": false,
                "enterprise_application": false,
                "gallery_application": false,
                "visible_to_users": true
              }
            ],
            "homepage_url": "",
            "id": "5dc776ad-9525-4afd-ad24-334e21ad710e",
            "login_url": "",
            "logout_url": "",
            "notes": "",
            "notification_email_addresses": [],
            "oauth2_permission_scope_ids": {
              "user.read": "34a47c2f-cd0d-47b4-a93c-2c41130c671c"
            },
            "oauth2_permission_scopes": [
              {
                "admin_consent_description": "this allows to read user profile",
                "admin_consent_display_name": "user.read",
                "enabled": true,
                "id": "34a47c2f-cd0d-47b4-a93c-2c41130c671c",
                "type": "User",
                "user_consent_description": "this allows to read user profile",
                "user_consent_display_name": "user.read",
                "value": "user.read"
              }
            ],
            "object_id": "5dc776ad-9525-4afd-ad24-334e21ad710e",
            "preferred_single_sign_on_mode": "",
            "redirect_uris": [],
            "saml_metadata_url": "",
            "saml_single_sign_on": [],
            "service_principal_names": [
              "https://aks-aad-server.azure.com"
            ],
            "sign_in_audience": "AzureADMultipleOrgs",
            "tags": [],
            "timeouts": null,
            "type": "Application"
          },
          "sensitive_attributes": []
        }
      ]
    },
    {
      "mode": "data",
      "type": "azurerm_client_config",
      "name": "current",
      "provider": "provider[\"registry.terraform.io/hashicorp/azurerm\"]",
      "instances": [
        {
          "schema_version": 0,
          "attributes": {
            "client_id": "04b07795-8ddb-461a-bbee-02f9e1bf7b46",
            "id": "2022-06-27 13:25:05.4363887 +0000 UTC",
            "object_id": "f97fc9ba-ebda-439e-825a-0e25801cb32c",
            "subscription_id": "7b1f7584-2f78-4923-851d-04a91bb32a57",
            "tenant_id": "558506eb-9459-4ef3-b920-ad55c555e729",
            "timeouts": null
          },
          "sensitive_attributes": []
        }
      ]
    },
    {
      "mode": "data",
      "type": "azurerm_kubernetes_service_versions",
      "name": "current",
      "provider": "provider[\"registry.terraform.io/hashicorp/azurerm\"]",
      "instances": [
        {
          "schema_version": 0,
          "attributes": {
            "id": "/subscriptions/7b1f7584-2f78-4923-851d-04a91bb32a57/providers/Microsoft.ContainerService/locations/westeurope/orchestrators",
            "include_preview": true,
            "latest_version": "1.24.0",
            "location": "westeurope",
            "timeouts": null,
            "version_prefix": null,
            "versions": [
              "1.21.7",
              "1.21.9",
              "1.22.4",
              "1.22.6",
              "1.23.3",
              "1.23.5",
              "1.24.0"
            ]
          },
          "sensitive_attributes": []
        }
      ]
    },
    {
      "mode": "data",
      "type": "azurerm_subscription",
      "name": "current",
      "provider": "provider[\"registry.terraform.io/hashicorp/azurerm\"]",
      "instances": [
        {
          "schema_version": 0,
          "attributes": {
            "display_name": "Microsoft-Azure-3",
            "id": "/subscriptions/7b1f7584-2f78-4923-851d-04a91bb32a57",
            "location_placement_id": "Public_2014-09-01",
            "quota_id": "MSDN_2014-09-01",
            "spending_limit": "On",
            "state": "Enabled",
            "subscription_id": "7b1f7584-2f78-4923-851d-04a91bb32a57",
            "tags": {},
            "tenant_id": "558506eb-9459-4ef3-b920-ad55c555e729",
            "timeouts": null
          },
          "sensitive_attributes": []
        }
      ]
    },
    {
      "mode": "data",
      "type": "azurerm_virtual_network",
      "name": "vnet_vm_jumpbox",
      "provider": "provider[\"registry.terraform.io/hashicorp/azurerm\"].ms-internal",
      "instances": [
        {
          "index_key": 0,
          "schema_version": 0,
          "attributes": {
            "address_space": [
              "172.16.0.0/16"
            ],
            "dns_servers": [],
            "guid": "74c79491-f1f3-4051-9f26-408d224d11c3",
            "id": "/subscriptions/4b72ed90-7ca3-4e76-8d0f-31a2c0bee7a3/resourceGroups/rg-vm-devbox/providers/Microsoft.Network/virtualNetworks/rg-vm-devbox-vnet",
            "location": "westeurope",
            "name": "rg-vm-devbox-vnet",
            "resource_group_name": "rg-vm-devbox",
            "subnets": [
              "default",
              "subnet-pe",
              "AzureBastionSubnet"
            ],
            "tags": {},
            "timeouts": null,
            "vnet_peerings": {
              "peering_vnet_vm_jumpbox_vnet_aks": "/subscriptions/7b1f7584-2f78-4923-851d-04a91bb32a57/resourceGroups/rg-aks-cluster/providers/Microsoft.Network/virtualNetworks/vnet-spoke-aks"
            },
            "vnet_peerings_addresses": [
              "10.0.0.0/8"
            ]
          },
          "sensitive_attributes": []
        }
      ]
    },
    {
      "mode": "managed",
      "type": "azuread_group",
      "name": "aks_admins",
      "provider": "provider[\"registry.terraform.io/hashicorp/azuread\"]",
      "instances": [
        {
          "schema_version": 0,
          "attributes": {
            "assignable_to_role": false,
            "auto_subscribe_new_members": false,
            "behaviors": [],
            "description": "",
            "display_name": "group_aks_admins",
            "dynamic_membership": [],
            "external_senders_allowed": false,
            "hide_from_address_lists": false,
            "hide_from_outlook_clients": false,
            "id": "5023edf6-21d9-4a26-8479-3d62e11a9d48",
            "mail": "",
            "mail_enabled": false,
            "mail_nickname": "ddb9f1ae-3",
            "members": [
              "f97fc9ba-ebda-439e-825a-0e25801cb32c"
            ],
            "object_id": "5023edf6-21d9-4a26-8479-3d62e11a9d48",
            "onpremises_domain_name": "",
            "onpremises_netbios_name": "",
            "onpremises_sam_account_name": "",
            "onpremises_security_identifier": "",
            "onpremises_sync_enabled": false,
            "owners": [
              "f97fc9ba-ebda-439e-825a-0e25801cb32c"
            ],
            "preferred_language": "",
            "prevent_duplicate_names": false,
            "provisioning_options": [],
            "proxy_addresses": [],
            "security_enabled": true,
            "theme": "",
            "timeouts": null,
            "types": [],
            "visibility": ""
          },
          "sensitive_attributes": [],
          "private": "eyJlMmJmYjczMC1lY2FhLTExZTYtOGY4OC0zNDM2M2JjN2M0YzAiOnsiY3JlYXRlIjoxMjAwMDAwMDAwMDAwLCJkZWxldGUiOjMwMDAwMDAwMDAwMCwicmVhZCI6MzAwMDAwMDAwMDAwLCJ1cGRhdGUiOjEyMDAwMDAwMDAwMDB9fQ==",
          "dependencies": [
            "data.azuread_client_config.current"
          ]
        }
      ]
    },
    {
      "mode": "managed",
      "type": "azurerm_container_registry",
      "name": "acr",
      "provider": "provider[\"registry.terraform.io/hashicorp/azurerm\"]",
      "instances": [
        {
          "schema_version": 2,
          "attributes": {
            "admin_enabled": false,
            "admin_password": "",
            "admin_username": "",
            "anonymous_pull_enabled": false,
            "data_endpoint_enabled": false,
            "encryption": [
              {
                "enabled": false,
                "identity_client_id": "",
                "key_vault_key_id": ""
              }
            ],
            "export_policy_enabled": true,
            "georeplications": [],
            "id": "/subscriptions/7b1f7584-2f78-4923-851d-04a91bb32a57/resourceGroups/rg-aks-cluster/providers/Microsoft.ContainerRegistry/registries/acrforakstf041",
            "identity": [],
            "location": "westeurope",
            "login_server": "acrforakstf041.azurecr.io",
            "name": "acrforakstf041",
            "network_rule_bypass_option": "AzureServices",
            "network_rule_set": [],
            "public_network_access_enabled": true,
            "quarantine_policy_enabled": false,
            "resource_group_name": "rg-aks-cluster",
            "retention_policy": [
              {
                "days": 7,
                "enabled": false
              }
            ],
            "sku": "Standard",
            "tags": {
              "environment": "development",
              "source": "terraform"
            },
            "timeouts": null,
            "trust_policy": [
              {
                "enabled": false
              }
            ],
            "zone_redundancy_enabled": false
          },
          "sensitive_attributes": [],
          "private": "eyJlMmJmYjczMC1lY2FhLTExZTYtOGY4OC0zNDM2M2JjN2M0YzAiOnsiY3JlYXRlIjoxODAwMDAwMDAwMDAwLCJkZWxldGUiOjE4MDAwMDAwMDAwMDAsInJlYWQiOjMwMDAwMDAwMDAwMCwidXBkYXRlIjoxODAwMDAwMDAwMDAwfSwic2NoZW1hX3ZlcnNpb24iOiIyIn0=",
          "dependencies": [
            "azurerm_resource_group.rg"
          ]
        }
      ]
    },
    {
      "mode": "managed",
      "type": "azurerm_kubernetes_cluster",
      "name": "aks",
      "provider": "provider[\"registry.terraform.io/hashicorp/azurerm\"]",
      "instances": [
        {
          "schema_version": 2,
          "attributes": {
            "aci_connector_linux": [],
            "api_server_authorized_ip_ranges": [],
            "auto_scaler_profile": [
              {
                "balance_similar_node_groups": false,
                "empty_bulk_delete_max": "10",
                "expander": "random",
                "max_graceful_termination_sec": "600",
                "max_node_provisioning_time": "15m",
                "max_unready_nodes": 3,
                "max_unready_percentage": 45,
                "new_pod_scale_up_delay": "0s",
                "scale_down_delay_after_add": "10m",
                "scale_down_delay_after_delete": "10s",
                "scale_down_delay_after_failure": "3m",
                "scale_down_unneeded": "10m",
                "scale_down_unready": "20m",
                "scale_down_utilization_threshold": "0.5",
                "scan_interval": "10s",
                "skip_nodes_with_local_storage": false,
                "skip_nodes_with_system_pods": true
              }
            ],
            "automatic_channel_upgrade": "",
            "azure_active_directory_role_based_access_control": [
              {
                "admin_group_object_ids": [
                  "5023edf6-21d9-4a26-8479-3d62e11a9d48"
                ],
                "azure_rbac_enabled": true,
                "client_app_id": "",
                "managed": true,
                "server_app_id": "",
                "server_app_secret": "",
                "tenant_id": "558506eb-9459-4ef3-b920-ad55c555e729"
              }
            ],
            "azure_policy_enabled": true,
            "default_node_pool": [
              {
                "enable_auto_scaling": true,
                "enable_host_encryption": false,
                "enable_node_public_ip": false,
                "fips_enabled": false,
                "kubelet_config": [],
                "kubelet_disk_type": "OS",
                "linux_os_config": [],
                "max_count": 3,
                "max_pods": 110,
                "min_count": 1,
                "name": "poolsystem",
                "node_count": 2,
                "node_labels": {},
                "node_public_ip_prefix_id": "",
                "node_taints": [],
                "only_critical_addons_enabled": true,
                "orchestrator_version": "1.23.5",
                "os_disk_size_gb": 40,
                "os_disk_type": "Ephemeral",
                "os_sku": "Ubuntu",
                "pod_subnet_id": "/subscriptions/7b1f7584-2f78-4923-851d-04a91bb32a57/resourceGroups/rg-aks-cluster/providers/Microsoft.Network/virtualNetworks/vnet-spoke-aks/subnets/subnet-aks-pods",
                "proximity_placement_group_id": "",
                "tags": {
                  "environment": "development",
                  "source": "terraform"
                },
                "type": "VirtualMachineScaleSets",
                "ultra_ssd_enabled": false,
                "upgrade_settings": [],
                "vm_size": "Standard_D2ds_v5",
                "vnet_subnet_id": "/subscriptions/7b1f7584-2f78-4923-851d-04a91bb32a57/resourceGroups/rg-aks-cluster/providers/Microsoft.Network/virtualNetworks/vnet-spoke-aks/subnets/subnet-aks-nodes",
                "zones": [
                  "1",
                  "2",
                  "3"
                ]
              }
            ],
            "disk_encryption_set_id": "",
            "dns_prefix": "aks",
            "dns_prefix_private_cluster": "",
            "enable_pod_security_policy": false,
            "fqdn": "",
            "http_application_routing_enabled": false,
            "http_application_routing_zone_name": "",
            "http_proxy_config": [],
            "id": "/subscriptions/7b1f7584-2f78-4923-851d-04a91bb32a57/resourceGroups/rg-aks-cluster/providers/Microsoft.ContainerService/managedClusters/aks-cluster",
            "identity": [
              {
                "identity_ids": [
                  "/subscriptions/7b1f7584-2f78-4923-851d-04a91bb32a57/resourceGroups/rg-aks-cluster/providers/Microsoft.ManagedIdentity/userAssignedIdentities/identity-aks"
                ],
                "principal_id": "",
                "tenant_id": "",
                "type": "UserAssigned"
              }
            ],
            "ingress_application_gateway": [],
            "key_vault_secrets_provider": [
              {
                "secret_identity": [
                  {
                    "client_id": "4f37ff5a-7a7a-4cb4-9d87-c9af6e330403",
                    "object_id": "8225eaa3-f69d-4177-9b63-323f09384bd9",
                    "user_assigned_identity_id": "/subscriptions/7b1f7584-2f78-4923-851d-04a91bb32a57/resourcegroups/rg-aks-cluster-managed/providers/Microsoft.ManagedIdentity/userAssignedIdentities/azurekeyvaultsecretsprovider-aks-cluster"
                  }
                ],
                "secret_rotation_enabled": true,
                "secret_rotation_interval": "2m"
              }
            ],
            "kube_admin_config": [],
            "kube_admin_config_raw": "",
            "kube_config": [
              {
                "client_certificate": "",
                "client_key": "",
                "cluster_ca_certificate": "LS0tLS1CRUdJTiBDRVJUSUZJQ0FURS0tLS0tCk1JSUU2RENDQXRDZ0F3SUJBZ0lRSHU0RFhXRU5wU0ZIZDhsZVI2MXNzREFOQmdrcWhraUc5dzBCQVFzRkFEQU4KTVFzd0NRWURWUVFERXdKallUQWdGdzB5TWpBMk1qY3dPVEEwTXpaYUdBOHlNRFV5TURZeU56QTVNVFF6TmxvdwpEVEVMTUFrR0ExVUVBeE1DWTJFd2dnSWlNQTBHQ1NxR1NJYjNEUUVCQVFVQUE0SUNEd0F3Z2dJS0FvSUNBUUNkCm85T2g0Wm9VcnhGanRjd1Vydzg1QmJ1Vk5BVFdRRmEyeXJISkFuRk0ybURBNEdPWG9yV2JNbE90dFlxd0pKK3UKNWpzMUpORnoxTTZSc2x5ZTFmc2FNeEJXdGJ0d1owOGtMbHVFU2JVWXNDb3VRZ2tJZ1Fabkx0bys4SGhMbFovbQpqVzlyWS9FV1JjRDZRT2ROQkI5bG1JSUNCUmFqSzRmQlBlZlRGWUczOEtmMmRSaUkrSzZ4Y2RCTnp6NWhFa0UyCmFWTlBrVithUHlJVEpySVFvSTdPV2FRK2hYSjBhRUY2bFIxVDRkeCtMc1RIQWpaL3F2ZVkvMUd5czR2UWgwMi8KdGJldUhmQ0t3WEhYTEhidnZqckFmbiswbHNLZGgwZytmeFFRdTAxbGc4WGNnWGUyUkNNQ1VnKy9CTWdvM3pFcwpaYmlvekJmeTVQRElaYjd1SnlsWlkzR1Y2Sy91N2tLVHNEOExwM3JiRzc2TlZyTDhhQ0JYNEh4cUFXbGR0TkFSCmJLRVZ1MUNCSk00cGFTWENpaDlmYmdIRlNGcCtZWStwVDZHUnMybVErUzJsU3FxRHJNUlpUNUNkTWcrbmNrTncKWGJ5ZFJFMGhjR1Jjc040S2dUckViY2Fad1pGUWNLMUZkdS9lTmp1eFpEempsVnc3MDZMVUlVUlZSVlJiMG9OMQpNNXhLUEJQQzRsRzdpZjUwQnAyVXl2Mzh2bG9mZERDbjF3ckxFSGRkcUp1YjE1NkVKa1pDdmg4RnFkdlhydUY1CmJaOWszQnliTDJ1b3pDaldSTFBxa3lxWlJBY3hVZkw4VlRXNTNMZkhMdG85U0hqSzFpYWdFVXpLV1g4ZDJZNVQKbkwvV01EYm5uYXd1RUU1aGprY2FCTk1iZGc4b2dnRzBvb09ZdTRFckp3SURBUUFCbzBJd1FEQU9CZ05WSFE4QgpBZjhFQkFNQ0FxUXdEd1lEVlIwVEFRSC9CQVV3QXdFQi96QWRCZ05WSFE0RUZnUVVkZi9KRHVCMWQvQnV5bTc3CkJLU3FuU0VkNEFBd0RRWUpLb1pJaHZjTkFRRUxCUUFEZ2dJQkFBZjd5RFpCSlZZYXlETVFhTlJaTjFZMzNhbzQKTkNKOVUyeG02WldwSWRxSHA0aGE5bFp0YjRYNVNjQisyODVzQVVmZ0hDTzd0Qm5mL0VxanZ1UnB6dmp5T2doTQpaNnlSSGhqWHR1ZTB5YVNkN2lidTdsckc0akhIdUswc1BTeTBKWXNSSFBYU0hyeEdTc09teGhhTGsxRnFYZ2JmCkt2VjNyWC9UQzdpS0EwcERiQWpoWGNXZWF1SVdPY0RMVksyYktDemRNU1lQNmJoRUNHQTFXUWJHL3dZZzl2L2sKTnZLUzdkZ2hDSTN1eVNEcit2Y1o1WlJhZkVPbjc4b2xtemdLYlV3Q2tWUjg4RDMvb1N1a1FweGhuQ0N5RU9HdQpqd2hISGsyK2hrN1FLbStnRVRDblZKOFN5eHcyMXBHWjNBSlMxbGRLblRsMWJEbThnNjM3ZmU5bU9oYUhVTEZMCmdHdEJHa0RmQjdzNGdJVFVGcnJLTi9YdVo4MDVnR1JSRjdXSk8xN0hRdkpETnp3VmlJaWs2WFlsSjJFV0JxU0QKcy80Q1ZjZmdoMmx2cloySzdmSEE5STRVclpWWWhGU2hxeHZCVENmRGt1UWNDZ0UrNURDQ0hzbi8vK24wYXk1cQpnSldMTC9vcmljZXB2TnE5bE03c05LUjZLNEttTi8vOW90QlFCZEFKSVFrdlp4YnFUZERkOURqdnE2dzJCVCtDCk8wYjVnWDdCSUdQUVRXRXFLZ0QyVWdPZnZ1aFFvbEpIb3A2MVhjQzRKaHFUK0FjVTU1d1JqWWQrRlk1YVBUNGUKczFHTk9FbUlYV3hSU0hZQ21WV0U2OWM2bEpiR09uSGk4WXBXSDBFbldHb0I5RjU4SmN5YjFJK1pMT1JURjU4bwpJaDRiUDEyTkZ0YUdxMENPCi0tLS0tRU5EIENFUlRJRklDQVRFLS0tLS0K",
                "host": "https://aks-c0b2976d.privatelink.westeurope.azmk8s.io:443",
                "password": "",
                "username": "clusterUser_rg-aks-cluster_aks-cluster"
              }
            ],
            "kube_config_raw": "apiVersion: v1\nclusters:\n- cluster:\n    certificate-authority-data: LS0tLS1CRUdJTiBDRVJUSUZJQ0FURS0tLS0tCk1JSUU2RENDQXRDZ0F3SUJBZ0lRSHU0RFhXRU5wU0ZIZDhsZVI2MXNzREFOQmdrcWhraUc5dzBCQVFzRkFEQU4KTVFzd0NRWURWUVFERXdKallUQWdGdzB5TWpBMk1qY3dPVEEwTXpaYUdBOHlNRFV5TURZeU56QTVNVFF6TmxvdwpEVEVMTUFrR0ExVUVBeE1DWTJFd2dnSWlNQTBHQ1NxR1NJYjNEUUVCQVFVQUE0SUNEd0F3Z2dJS0FvSUNBUUNkCm85T2g0Wm9VcnhGanRjd1Vydzg1QmJ1Vk5BVFdRRmEyeXJISkFuRk0ybURBNEdPWG9yV2JNbE90dFlxd0pKK3UKNWpzMUpORnoxTTZSc2x5ZTFmc2FNeEJXdGJ0d1owOGtMbHVFU2JVWXNDb3VRZ2tJZ1Fabkx0bys4SGhMbFovbQpqVzlyWS9FV1JjRDZRT2ROQkI5bG1JSUNCUmFqSzRmQlBlZlRGWUczOEtmMmRSaUkrSzZ4Y2RCTnp6NWhFa0UyCmFWTlBrVithUHlJVEpySVFvSTdPV2FRK2hYSjBhRUY2bFIxVDRkeCtMc1RIQWpaL3F2ZVkvMUd5czR2UWgwMi8KdGJldUhmQ0t3WEhYTEhidnZqckFmbiswbHNLZGgwZytmeFFRdTAxbGc4WGNnWGUyUkNNQ1VnKy9CTWdvM3pFcwpaYmlvekJmeTVQRElaYjd1SnlsWlkzR1Y2Sy91N2tLVHNEOExwM3JiRzc2TlZyTDhhQ0JYNEh4cUFXbGR0TkFSCmJLRVZ1MUNCSk00cGFTWENpaDlmYmdIRlNGcCtZWStwVDZHUnMybVErUzJsU3FxRHJNUlpUNUNkTWcrbmNrTncKWGJ5ZFJFMGhjR1Jjc040S2dUckViY2Fad1pGUWNLMUZkdS9lTmp1eFpEempsVnc3MDZMVUlVUlZSVlJiMG9OMQpNNXhLUEJQQzRsRzdpZjUwQnAyVXl2Mzh2bG9mZERDbjF3ckxFSGRkcUp1YjE1NkVKa1pDdmg4RnFkdlhydUY1CmJaOWszQnliTDJ1b3pDaldSTFBxa3lxWlJBY3hVZkw4VlRXNTNMZkhMdG85U0hqSzFpYWdFVXpLV1g4ZDJZNVQKbkwvV01EYm5uYXd1RUU1aGprY2FCTk1iZGc4b2dnRzBvb09ZdTRFckp3SURBUUFCbzBJd1FEQU9CZ05WSFE4QgpBZjhFQkFNQ0FxUXdEd1lEVlIwVEFRSC9CQVV3QXdFQi96QWRCZ05WSFE0RUZnUVVkZi9KRHVCMWQvQnV5bTc3CkJLU3FuU0VkNEFBd0RRWUpLb1pJaHZjTkFRRUxCUUFEZ2dJQkFBZjd5RFpCSlZZYXlETVFhTlJaTjFZMzNhbzQKTkNKOVUyeG02WldwSWRxSHA0aGE5bFp0YjRYNVNjQisyODVzQVVmZ0hDTzd0Qm5mL0VxanZ1UnB6dmp5T2doTQpaNnlSSGhqWHR1ZTB5YVNkN2lidTdsckc0akhIdUswc1BTeTBKWXNSSFBYU0hyeEdTc09teGhhTGsxRnFYZ2JmCkt2VjNyWC9UQzdpS0EwcERiQWpoWGNXZWF1SVdPY0RMVksyYktDemRNU1lQNmJoRUNHQTFXUWJHL3dZZzl2L2sKTnZLUzdkZ2hDSTN1eVNEcit2Y1o1WlJhZkVPbjc4b2xtemdLYlV3Q2tWUjg4RDMvb1N1a1FweGhuQ0N5RU9HdQpqd2hISGsyK2hrN1FLbStnRVRDblZKOFN5eHcyMXBHWjNBSlMxbGRLblRsMWJEbThnNjM3ZmU5bU9oYUhVTEZMCmdHdEJHa0RmQjdzNGdJVFVGcnJLTi9YdVo4MDVnR1JSRjdXSk8xN0hRdkpETnp3VmlJaWs2WFlsSjJFV0JxU0QKcy80Q1ZjZmdoMmx2cloySzdmSEE5STRVclpWWWhGU2hxeHZCVENmRGt1UWNDZ0UrNURDQ0hzbi8vK24wYXk1cQpnSldMTC9vcmljZXB2TnE5bE03c05LUjZLNEttTi8vOW90QlFCZEFKSVFrdlp4YnFUZERkOURqdnE2dzJCVCtDCk8wYjVnWDdCSUdQUVRXRXFLZ0QyVWdPZnZ1aFFvbEpIb3A2MVhjQzRKaHFUK0FjVTU1d1JqWWQrRlk1YVBUNGUKczFHTk9FbUlYV3hSU0hZQ21WV0U2OWM2bEpiR09uSGk4WXBXSDBFbldHb0I5RjU4SmN5YjFJK1pMT1JURjU4bwpJaDRiUDEyTkZ0YUdxMENPCi0tLS0tRU5EIENFUlRJRklDQVRFLS0tLS0K\n    server: https://aks-c0b2976d.privatelink.westeurope.azmk8s.io:443\n  name: aks-cluster\ncontexts:\n- context:\n    cluster: aks-cluster\n    user: clusterUser_rg-aks-cluster_aks-cluster\n  name: aks-cluster\ncurrent-context: aks-cluster\nkind: Config\npreferences: {}\nusers:\n- name: clusterUser_rg-aks-cluster_aks-cluster\n  user:\n    auth-provider:\n      config:\n        apiserver-id: 6dae42f8-4368-4678-94ff-3960e28e3630\n        client-id: 80faf920-1908-4b52-b5ef-a8e7bedfc67a\n        config-mode: \"1\"\n        environment: AzurePublicCloud\n        tenant-id: 558506eb-9459-4ef3-b920-ad55c555e729\n      name: azure\n",
            "kubelet_identity": [
              {
                "client_id": "f39a55f7-6a34-4e6b-97fb-6c01269a6082",
                "object_id": "04d0020c-5a48-4c6b-a123-1f811431dbb6",
                "user_assigned_identity_id": "/subscriptions/7b1f7584-2f78-4923-851d-04a91bb32a57/resourceGroups/rg-aks-cluster/providers/Microsoft.ManagedIdentity/userAssignedIdentities/aks-cluster-agentpool"
              }
            ],
            "kubernetes_version": "1.23.5",
            "linux_profile": [],
            "local_account_disabled": true,
            "location": "westeurope",
            "maintenance_window": [
              {
                "allowed": [
                  {
                    "day": "Saturday",
                    "hours": [
                      2,
                      8
                    ]
                  }
                ],
                "not_allowed": []
              }
            ],
            "microsoft_defender": [],
            "name": "aks-cluster",
            "network_profile": [
              {
                "dns_service_ip": "10.0.0.10",
                "docker_bridge_cidr": "172.17.0.1/16",
                "ip_versions": [
                  "IPv4"
                ],
                "load_balancer_profile": [
                  {
                    "effective_outbound_ips": [
                      "/subscriptions/7b1f7584-2f78-4923-851d-04a91bb32a57/resourceGroups/rg-aks-cluster-managed/providers/Microsoft.Network/publicIPAddresses/cc532549-9052-4936-a5ef-a260d85d4843"
                    ],
                    "idle_timeout_in_minutes": 0,
                    "managed_outbound_ip_count": 1,
                    "outbound_ip_address_ids": [],
                    "outbound_ip_prefix_ids": [],
                    "outbound_ports_allocated": 0
                  }
                ],
                "load_balancer_sku": "standard",
                "nat_gateway_profile": [],
                "network_mode": "",
                "network_plugin": "azure",
                "network_policy": "calico",
                "outbound_type": "loadBalancer",
                "pod_cidr": "",
                "service_cidr": "10.0.0.0/16"
              }
            ],
            "node_resource_group": "rg-aks-cluster-managed",
            "oidc_issuer_enabled": true,
            "oidc_issuer_url": "https://oidc.prod-aks.azure.com/46f3e3cf-bd84-4387-ac76-bdbd4b275c95/",
            "oms_agent": [
              {
                "log_analytics_workspace_id": "/subscriptions/7b1f7584-2f78-4923-851d-04a91bb32a57/resourceGroups/rg-aks-cluster/providers/Microsoft.OperationalInsights/workspaces/loganalyticsakscluster",
                "oms_agent_identity": [
                  {
                    "client_id": "5043234f-a687-451f-a9d9-ddfafdfb0bfd",
                    "object_id": "6109f216-455c-4ac2-b9c5-9c727464ced7",
                    "user_assigned_identity_id": "/subscriptions/7b1f7584-2f78-4923-851d-04a91bb32a57/resourcegroups/rg-aks-cluster-managed/providers/Microsoft.ManagedIdentity/userAssignedIdentities/omsagent-aks-cluster"
                  }
                ]
              }
            ],
            "open_service_mesh_enabled": true,
            "portal_fqdn": "5dbe9e81fb67f4ab117646d758390193-priv.portal.hcp.westeurope.azmk8s.io",
            "private_cluster_enabled": true,
            "private_cluster_public_fqdn_enabled": false,
            "private_dns_zone_id": "/subscriptions/7b1f7584-2f78-4923-851d-04a91bb32a57/resourceGroups/rg-aks-cluster/providers/Microsoft.Network/privateDnsZones/privatelink.westeurope.azmk8s.io",
            "private_fqdn": "aks-c0b2976d.privatelink.westeurope.azmk8s.io",
            "public_network_access_enabled": true,
            "resource_group_name": "rg-aks-cluster",
            "role_based_access_control_enabled": true,
            "run_command_enabled": true,
            "service_principal": [],
            "sku_tier": "Free",
            "tags": {
              "environment": "development",
              "source": "terraform"
            },
            "timeouts": null,
            "windows_profile": [
              {
                "admin_password": "",
                "admin_username": "azureuser",
                "license": ""
              }
            ]
          },
          "sensitive_attributes": [],
          "private": "eyJlMmJmYjczMC1lY2FhLTExZTYtOGY4OC0zNDM2M2JjN2M0YzAiOnsiY3JlYXRlIjo1NDAwMDAwMDAwMDAwLCJkZWxldGUiOjU0MDAwMDAwMDAwMDAsInJlYWQiOjMwMDAwMDAwMDAwMCwidXBkYXRlIjo1NDAwMDAwMDAwMDAwfSwic2NoZW1hX3ZlcnNpb24iOiIyIn0=",
          "dependencies": [
            "azuread_group.aks_admins",
            "azurerm_application_gateway.appgw",
            "azurerm_log_analytics_workspace.workspace",
            "azurerm_private_dns_zone.private_dns_aks",
            "azurerm_resource_group.rg",
            "azurerm_subnet.subnetnodes",
            "azurerm_subnet.subnetpods",
            "azurerm_user_assigned_identity.identity-aks",
            "azurerm_user_assigned_identity.identity-kubelet",
            "azurerm_virtual_network.vnet",
            "data.azurerm_subscription.current"
          ]
        }
      ]
    },
    {
      "mode": "managed",
      "type": "azurerm_kubernetes_cluster_node_pool",
      "name": "appspool",
      "provider": "provider[\"registry.terraform.io/hashicorp/azurerm\"]",
      "instances": [
        {
          "schema_version": 1,
          "attributes": {
            "enable_auto_scaling": true,
            "enable_host_encryption": false,
            "enable_node_public_ip": false,
            "eviction_policy": "",
            "fips_enabled": false,
            "id": "/subscriptions/7b1f7584-2f78-4923-851d-04a91bb32a57/resourceGroups/rg-aks-cluster/providers/Microsoft.ContainerService/managedClusters/aks-cluster/agentPools/poolapps",
            "kubelet_config": [],
            "kubelet_disk_type": "OS",
            "kubernetes_cluster_id": "/subscriptions/7b1f7584-2f78-4923-851d-04a91bb32a57/resourceGroups/rg-aks-cluster/providers/Microsoft.ContainerService/managedClusters/aks-cluster",
            "linux_os_config": [],
            "max_count": 5,
            "max_pods": 110,
            "min_count": 1,
            "mode": "User",
            "name": "poolapps",
            "node_count": 1,
            "node_labels": {},
            "node_public_ip_prefix_id": "",
            "node_taints": [],
            "orchestrator_version": "1.23.5",
            "os_disk_size_gb": 60,
            "os_disk_type": "Ephemeral",
            "os_sku": "Ubuntu",
            "os_type": "Linux",
            "pod_subnet_id": "/subscriptions/7b1f7584-2f78-4923-851d-04a91bb32a57/resourceGroups/rg-aks-cluster/providers/Microsoft.Network/virtualNetworks/vnet-spoke-aks/subnets/subnet-aks-pods",
            "priority": "Regular",
            "proximity_placement_group_id": "",
            "scale_down_mode": "Delete",
            "spot_max_price": -1,
            "tags": {
              "environment": "development",
              "source": "terraform"
            },
            "timeouts": null,
            "ultra_ssd_enabled": false,
            "upgrade_settings": [
              {
                "max_surge": "3"
              }
            ],
            "vm_size": "Standard_D2ds_v5",
            "vnet_subnet_id": "/subscriptions/7b1f7584-2f78-4923-851d-04a91bb32a57/resourceGroups/rg-aks-cluster/providers/Microsoft.Network/virtualNetworks/vnet-spoke-aks/subnets/subnet-aks-nodes",
            "workload_runtime": "",
            "zones": [
              "1",
              "2",
              "3"
            ]
          },
          "sensitive_attributes": [],
          "private": "eyJlMmJmYjczMC1lY2FhLTExZTYtOGY4OC0zNDM2M2JjN2M0YzAiOnsiY3JlYXRlIjozNjAwMDAwMDAwMDAwLCJkZWxldGUiOjM2MDAwMDAwMDAwMDAsInJlYWQiOjMwMDAwMDAwMDAwMCwidXBkYXRlIjozNjAwMDAwMDAwMDAwfSwic2NoZW1hX3ZlcnNpb24iOiIxIn0=",
          "dependencies": [
            "azuread_group.aks_admins",
            "azurerm_application_gateway.appgw",
            "azurerm_kubernetes_cluster.aks",
            "azurerm_log_analytics_workspace.workspace",
            "azurerm_private_dns_zone.private_dns_aks",
            "azurerm_public_ip.pip",
            "azurerm_resource_group.rg",
            "azurerm_subnet.subnetappgw",
            "azurerm_subnet.subnetnodes",
            "azurerm_subnet.subnetpods",
            "azurerm_user_assigned_identity.identity-aks",
            "azurerm_user_assigned_identity.identity-kubelet",
            "azurerm_virtual_network.vnet",
            "data.azuread_client_config.current",
            "data.azurerm_subscription.current"
          ]
        }
      ]
    },
    {
      "mode": "managed",
      "type": "azurerm_log_analytics_solution",
      "name": "solution",
      "provider": "provider[\"registry.terraform.io/hashicorp/azurerm\"]",
      "instances": [
        {
          "index_key": 0,
          "schema_version": 0,
          "attributes": {
            "id": "/subscriptions/7b1f7584-2f78-4923-851d-04a91bb32a57/resourceGroups/rg-aks-cluster/providers/Microsoft.OperationsManagement/solutions/ContainerInsights(loganalyticsakscluster)",
            "location": "westeurope",
            "plan": [
              {
                "name": "ContainerInsights(loganalyticsakscluster)",
                "product": "OMSGallery/ContainerInsights",
                "promotion_code": "",
                "publisher": "Microsoft"
              }
            ],
            "resource_group_name": "rg-aks-cluster",
            "solution_name": "ContainerInsights",
            "tags": {
              "environment": "development",
              "source": "terraform"
            },
            "timeouts": null,
            "workspace_name": "loganalyticsakscluster",
            "workspace_resource_id": "/subscriptions/7b1f7584-2f78-4923-851d-04a91bb32a57/resourceGroups/rg-aks-cluster/providers/Microsoft.OperationalInsights/workspaces/loganalyticsakscluster"
          },
          "sensitive_attributes": [],
          "private": "eyJlMmJmYjczMC1lY2FhLTExZTYtOGY4OC0zNDM2M2JjN2M0YzAiOnsiY3JlYXRlIjoxODAwMDAwMDAwMDAwLCJkZWxldGUiOjE4MDAwMDAwMDAwMDAsInJlYWQiOjMwMDAwMDAwMDAwMCwidXBkYXRlIjoxODAwMDAwMDAwMDAwfX0=",
          "dependencies": [
            "azurerm_log_analytics_workspace.workspace",
            "azurerm_resource_group.rg"
          ]
        }
      ]
    },
    {
      "mode": "managed",
      "type": "azurerm_log_analytics_workspace",
      "name": "workspace",
      "provider": "provider[\"registry.terraform.io/hashicorp/azurerm\"]",
      "instances": [
        {
          "index_key": 0,
          "schema_version": 2,
          "attributes": {
            "daily_quota_gb": -1,
            "id": "/subscriptions/7b1f7584-2f78-4923-851d-04a91bb32a57/resourceGroups/rg-aks-cluster/providers/Microsoft.OperationalInsights/workspaces/loganalyticsakscluster",
            "internet_ingestion_enabled": true,
            "internet_query_enabled": true,
            "location": "westeurope",
            "name": "loganalyticsakscluster",
            "primary_shared_key": "onjgnR6B4ScKWEbI6ELDSkVIQXJJJNpYJ8DPHT6yM828v8xLDCpuwEia/Hy2XmKy/KADEHNnD4uur2vXONPjWg==",
            "reservation_capacity_in_gb_per_day": null,
            "resource_group_name": "rg-aks-cluster",
            "retention_in_days": 30,
            "secondary_shared_key": "VsM3PBQ3+dG+GvwLz2/ChjFbfexpERju7o4Gj/vCQ1Cd16VxWDxiDQbx7zAQhP71/1AaRYCa53ckwLh/xxHobQ==",
            "sku": "PerGB2018",
            "tags": {
              "environment": "development",
              "source": "terraform"
            },
            "timeouts": null,
            "workspace_id": "de8b6395-0b27-47b3-8574-6ba88df0e07a"
          },
          "sensitive_attributes": [],
          "private": "eyJlMmJmYjczMC1lY2FhLTExZTYtOGY4OC0zNDM2M2JjN2M0YzAiOnsiY3JlYXRlIjoxODAwMDAwMDAwMDAwLCJkZWxldGUiOjE4MDAwMDAwMDAwMDAsInJlYWQiOjMwMDAwMDAwMDAwMCwidXBkYXRlIjoxODAwMDAwMDAwMDAwfSwic2NoZW1hX3ZlcnNpb24iOiIyIn0=",
          "dependencies": [
            "azurerm_resource_group.rg"
          ]
        }
      ]
    },
    {
      "mode": "managed",
      "type": "azurerm_private_dns_zone",
      "name": "private_dns_aks",
      "provider": "provider[\"registry.terraform.io/hashicorp/azurerm\"]",
      "instances": [
        {
          "index_key": 0,
          "schema_version": 0,
          "attributes": {
            "id": "/subscriptions/7b1f7584-2f78-4923-851d-04a91bb32a57/resourceGroups/rg-aks-cluster/providers/Microsoft.Network/privateDnsZones/privatelink.westeurope.azmk8s.io",
            "max_number_of_record_sets": 25000,
            "max_number_of_virtual_network_links": 1000,
            "max_number_of_virtual_network_links_with_registration": 100,
            "name": "privatelink.westeurope.azmk8s.io",
            "number_of_record_sets": 2,
            "resource_group_name": "rg-aks-cluster",
            "soa_record": [
              {
                "email": "azureprivatedns-host.microsoft.com",
                "expire_time": 2419200,
                "fqdn": "privatelink.westeurope.azmk8s.io.",
                "host_name": "azureprivatedns.net",
                "minimum_ttl": 10,
                "refresh_time": 3600,
                "retry_time": 300,
                "serial_number": 1,
                "tags": {},
                "ttl": 3600
              }
            ],
            "tags": {},
            "timeouts": null
          },
          "sensitive_attributes": [],
          "private": "eyJlMmJmYjczMC1lY2FhLTExZTYtOGY4OC0zNDM2M2JjN2M0YzAiOnsiY3JlYXRlIjoxODAwMDAwMDAwMDAwLCJkZWxldGUiOjE4MDAwMDAwMDAwMDAsInJlYWQiOjMwMDAwMDAwMDAwMCwidXBkYXRlIjoxODAwMDAwMDAwMDAwfX0=",
          "dependencies": [
            "azurerm_resource_group.rg"
          ]
        }
      ]
    },
    {
      "mode": "managed",
      "type": "azurerm_private_dns_zone_virtual_network_link",
      "name": "link_private_dns_aks_vnet_vm_devbox",
      "provider": "provider[\"registry.terraform.io/hashicorp/azurerm\"]",
      "instances": [
        {
          "index_key": 0,
          "schema_version": 0,
          "attributes": {
            "id": "/subscriptions/7b1f7584-2f78-4923-851d-04a91bb32a57/resourceGroups/rg-aks-cluster/providers/Microsoft.Network/privateDnsZones/privatelink.westeurope.azmk8s.io/virtualNetworkLinks/link_private_dns_aks_vnet_vm_devbox",
            "name": "link_private_dns_aks_vnet_vm_devbox",
            "private_dns_zone_name": "privatelink.westeurope.azmk8s.io",
            "registration_enabled": false,
            "resource_group_name": "rg-aks-cluster",
            "tags": {},
            "timeouts": null,
            "virtual_network_id": "/subscriptions/4b72ed90-7ca3-4e76-8d0f-31a2c0bee7a3/resourceGroups/rg-vm-devbox/providers/Microsoft.Network/virtualNetworks/rg-vm-devbox-vnet"
          },
          "sensitive_attributes": [],
          "private": "eyJlMmJmYjczMC1lY2FhLTExZTYtOGY4OC0zNDM2M2JjN2M0YzAiOnsiY3JlYXRlIjoxODAwMDAwMDAwMDAwLCJkZWxldGUiOjE4MDAwMDAwMDAwMDAsInJlYWQiOjMwMDAwMDAwMDAwMCwidXBkYXRlIjoxODAwMDAwMDAwMDAwfX0=",
          "dependencies": [
            "azurerm_private_dns_zone.private_dns_aks",
            "azurerm_resource_group.rg",
            "data.azurerm_virtual_network.vnet_vm_jumpbox"
          ]
        }
      ]
    },
    {
      "mode": "managed",
      "type": "azurerm_resource_group",
      "name": "rg",
      "provider": "provider[\"registry.terraform.io/hashicorp/azurerm\"]",
      "instances": [
        {
          "schema_version": 0,
          "attributes": {
            "id": "/subscriptions/7b1f7584-2f78-4923-851d-04a91bb32a57/resourceGroups/rg-aks-cluster",
            "location": "westeurope",
            "name": "rg-aks-cluster",
            "tags": {
              "environment": "development",
              "source": "terraform"
            },
            "timeouts": null
          },
          "sensitive_attributes": [],
          "private": "eyJlMmJmYjczMC1lY2FhLTExZTYtOGY4OC0zNDM2M2JjN2M0YzAiOnsiY3JlYXRlIjo1NDAwMDAwMDAwMDAwLCJkZWxldGUiOjU0MDAwMDAwMDAwMDAsInJlYWQiOjMwMDAwMDAwMDAwMCwidXBkYXRlIjo1NDAwMDAwMDAwMDAwfX0=",
          "create_before_destroy": true
        }
      ]
    },
    {
      "mode": "managed",
      "type": "azurerm_role_assignment",
      "name": "aks_contributor_dns",
      "provider": "provider[\"registry.terraform.io/hashicorp/azurerm\"]",
      "instances": [
        {
          "index_key": 0,
          "schema_version": 0,
          "attributes": {
            "condition": "",
            "condition_version": "",
            "delegated_managed_identity_resource_id": "",
            "description": "",
            "id": "/subscriptions/7b1f7584-2f78-4923-851d-04a91bb32a57/resourceGroups/rg-aks-cluster/providers/Microsoft.Network/privateDnsZones/privatelink.westeurope.azmk8s.io/providers/Microsoft.Authorization/roleAssignments/dcce437c-6a70-a7ea-1631-cbbec92cbc58",
            "name": "dcce437c-6a70-a7ea-1631-cbbec92cbc58",
            "principal_id": "c05b19c4-c9cd-4211-abb7-2e34598682ff",
            "principal_type": "ServicePrincipal",
            "role_definition_id": "/subscriptions/7b1f7584-2f78-4923-851d-04a91bb32a57/providers/Microsoft.Authorization/roleDefinitions/b12aa53e-6015-4669-85d0-8515ebb3ae7f",
            "role_definition_name": "Private DNS Zone Contributor",
            "scope": "/subscriptions/7b1f7584-2f78-4923-851d-04a91bb32a57/resourceGroups/rg-aks-cluster/providers/Microsoft.Network/privateDnsZones/privatelink.westeurope.azmk8s.io",
            "skip_service_principal_aad_check": null,
            "timeouts": null
          },
          "sensitive_attributes": [],
          "private": "eyJlMmJmYjczMC1lY2FhLTExZTYtOGY4OC0zNDM2M2JjN2M0YzAiOnsiY3JlYXRlIjoxODAwMDAwMDAwMDAwLCJkZWxldGUiOjE4MDAwMDAwMDAwMDAsInJlYWQiOjMwMDAwMDAwMDAwMCwidXBkYXRlIjoxODAwMDAwMDAwMDAwfX0=",
          "dependencies": [
            "azurerm_private_dns_zone.private_dns_aks",
            "azurerm_resource_group.rg",
            "azurerm_user_assigned_identity.identity-aks"
          ]
        }
      ]
    },
    {
      "mode": "managed",
      "type": "azurerm_role_assignment",
      "name": "aks_mi_contributor_aks_rg",
      "provider": "provider[\"registry.terraform.io/hashicorp/azurerm\"]",
      "instances": [
        {
          "schema_version": 0,
          "attributes": {
            "condition": "",
            "condition_version": "",
            "delegated_managed_identity_resource_id": "",
            "description": "",
            "id": "/subscriptions/7b1f7584-2f78-4923-851d-04a91bb32a57/resourceGroups/rg-aks-cluster/providers/Microsoft.Authorization/roleAssignments/972bbfd5-919f-9916-fcda-c34fca9c9e46",
            "name": "972bbfd5-919f-9916-fcda-c34fca9c9e46",
            "principal_id": "c05b19c4-c9cd-4211-abb7-2e34598682ff",
            "principal_type": "ServicePrincipal",
            "role_definition_id": "/subscriptions/7b1f7584-2f78-4923-851d-04a91bb32a57/providers/Microsoft.Authorization/roleDefinitions/b24988ac-6180-42a0-ab88-20f7382dd24c",
            "role_definition_name": "Contributor",
            "scope": "/subscriptions/7b1f7584-2f78-4923-851d-04a91bb32a57/resourceGroups/rg-aks-cluster",
            "skip_service_principal_aad_check": true,
            "timeouts": null
          },
          "sensitive_attributes": [],
          "private": "eyJlMmJmYjczMC1lY2FhLTExZTYtOGY4OC0zNDM2M2JjN2M0YzAiOnsiY3JlYXRlIjoxODAwMDAwMDAwMDAwLCJkZWxldGUiOjE4MDAwMDAwMDAwMDAsInJlYWQiOjMwMDAwMDAwMDAwMCwidXBkYXRlIjoxODAwMDAwMDAwMDAwfX0=",
          "dependencies": [
            "azurerm_resource_group.rg",
            "azurerm_user_assigned_identity.identity-aks"
          ]
        }
      ]
    },
    {
      "mode": "managed",
      "type": "azurerm_role_assignment",
      "name": "aks_mi_network_contributor",
      "provider": "provider[\"registry.terraform.io/hashicorp/azurerm\"]",
      "instances": [
        {
          "schema_version": 0,
          "attributes": {
            "condition": "",
            "condition_version": "",
            "delegated_managed_identity_resource_id": "",
            "description": "",
            "id": "/subscriptions/7b1f7584-2f78-4923-851d-04a91bb32a57/resourceGroups/rg-aks-cluster/providers/Microsoft.Network/virtualNetworks/vnet-spoke-aks/providers/Microsoft.Authorization/roleAssignments/10376481-644b-c8c9-abcf-b63d4306b358",
            "name": "10376481-644b-c8c9-abcf-b63d4306b358",
            "principal_id": "c05b19c4-c9cd-4211-abb7-2e34598682ff",
            "principal_type": "ServicePrincipal",
            "role_definition_id": "/subscriptions/7b1f7584-2f78-4923-851d-04a91bb32a57/providers/Microsoft.Authorization/roleDefinitions/4d97b98b-1d4f-4787-a291-c67834d212e7",
            "role_definition_name": "Network Contributor",
            "scope": "/subscriptions/7b1f7584-2f78-4923-851d-04a91bb32a57/resourceGroups/rg-aks-cluster/providers/Microsoft.Network/virtualNetworks/vnet-spoke-aks",
            "skip_service_principal_aad_check": true,
            "timeouts": null
          },
          "sensitive_attributes": [],
          "private": "eyJlMmJmYjczMC1lY2FhLTExZTYtOGY4OC0zNDM2M2JjN2M0YzAiOnsiY3JlYXRlIjoxODAwMDAwMDAwMDAwLCJkZWxldGUiOjE4MDAwMDAwMDAwMDAsInJlYWQiOjMwMDAwMDAwMDAwMCwidXBkYXRlIjoxODAwMDAwMDAwMDAwfX0=",
          "dependencies": [
            "azurerm_resource_group.rg",
            "azurerm_user_assigned_identity.identity-aks",
            "azurerm_virtual_network.vnet"
          ]
        }
      ]
    },
    {
      "mode": "managed",
      "type": "azurerm_role_assignment",
      "name": "aks_mi_operator",
      "provider": "provider[\"registry.terraform.io/hashicorp/azurerm\"]",
      "instances": [
        {
          "schema_version": 0,
          "attributes": {
            "condition": "",
            "condition_version": "",
            "delegated_managed_identity_resource_id": "",
            "description": "",
            "id": "/subscriptions/7b1f7584-2f78-4923-851d-04a91bb32a57/resourceGroups/rg-aks-cluster/providers/Microsoft.ManagedIdentity/userAssignedIdentities/aks-cluster-agentpool/providers/Microsoft.Authorization/roleAssignments/2b054d90-131c-3e97-cb62-a6182a03370e",
            "name": "2b054d90-131c-3e97-cb62-a6182a03370e",
            "principal_id": "c05b19c4-c9cd-4211-abb7-2e34598682ff",
            "principal_type": "ServicePrincipal",
            "role_definition_id": "/subscriptions/7b1f7584-2f78-4923-851d-04a91bb32a57/providers/Microsoft.Authorization/roleDefinitions/f1a07417-d97a-45cb-824c-7a7467783830",
            "role_definition_name": "Managed Identity Operator",
            "scope": "/subscriptions/7b1f7584-2f78-4923-851d-04a91bb32a57/resourceGroups/rg-aks-cluster/providers/Microsoft.ManagedIdentity/userAssignedIdentities/aks-cluster-agentpool",
            "skip_service_principal_aad_check": true,
            "timeouts": null
          },
          "sensitive_attributes": [],
          "private": "eyJlMmJmYjczMC1lY2FhLTExZTYtOGY4OC0zNDM2M2JjN2M0YzAiOnsiY3JlYXRlIjoxODAwMDAwMDAwMDAwLCJkZWxldGUiOjE4MDAwMDAwMDAwMDAsInJlYWQiOjMwMDAwMDAwMDAwMCwidXBkYXRlIjoxODAwMDAwMDAwMDAwfX0=",
          "dependencies": [
            "azurerm_resource_group.rg",
            "azurerm_user_assigned_identity.identity-aks",
            "azurerm_user_assigned_identity.identity-kubelet"
          ]
        }
      ]
    },
    {
      "mode": "managed",
      "type": "azurerm_role_assignment",
      "name": "role_acrpull",
      "provider": "provider[\"registry.terraform.io/hashicorp/azurerm\"]",
      "instances": [
        {
          "schema_version": 0,
          "attributes": {
            "condition": "",
            "condition_version": "",
            "delegated_managed_identity_resource_id": "",
            "description": "",
            "id": "/subscriptions/7b1f7584-2f78-4923-851d-04a91bb32a57/resourceGroups/rg-aks-cluster/providers/Microsoft.ContainerRegistry/registries/acrforakstf041/providers/Microsoft.Authorization/roleAssignments/96271f84-26cd-781e-e500-1de7a2a2f39c",
            "name": "96271f84-26cd-781e-e500-1de7a2a2f39c",
            "principal_id": "04d0020c-5a48-4c6b-a123-1f811431dbb6",
            "principal_type": "ServicePrincipal",
            "role_definition_id": "/subscriptions/7b1f7584-2f78-4923-851d-04a91bb32a57/providers/Microsoft.Authorization/roleDefinitions/7f951dda-4ed3-4680-a7ca-43fe172d538d",
            "role_definition_name": "AcrPull",
            "scope": "/subscriptions/7b1f7584-2f78-4923-851d-04a91bb32a57/resourceGroups/rg-aks-cluster/providers/Microsoft.ContainerRegistry/registries/acrforakstf041",
            "skip_service_principal_aad_check": true,
            "timeouts": null
          },
          "sensitive_attributes": [],
          "private": "eyJlMmJmYjczMC1lY2FhLTExZTYtOGY4OC0zNDM2M2JjN2M0YzAiOnsiY3JlYXRlIjoxODAwMDAwMDAwMDAwLCJkZWxldGUiOjE4MDAwMDAwMDAwMDAsInJlYWQiOjMwMDAwMDAwMDAwMCwidXBkYXRlIjoxODAwMDAwMDAwMDAwfX0=",
          "dependencies": [
            "azurerm_container_registry.acr",
            "azurerm_resource_group.rg",
            "azurerm_user_assigned_identity.identity-kubelet"
          ]
        }
      ]
    },
    {
      "mode": "managed",
      "type": "azurerm_subnet",
      "name": "subnetnodes",
      "provider": "provider[\"registry.terraform.io/hashicorp/azurerm\"]",
      "instances": [
        {
          "schema_version": 0,
          "attributes": {
            "address_prefixes": [
              "10.241.0.0/16"
            ],
            "delegation": [],
            "enforce_private_link_endpoint_network_policies": false,
            "enforce_private_link_service_network_policies": false,
            "id": "/subscriptions/7b1f7584-2f78-4923-851d-04a91bb32a57/resourceGroups/rg-aks-cluster/providers/Microsoft.Network/virtualNetworks/vnet-spoke-aks/subnets/subnet-aks-nodes",
            "name": "subnet-aks-nodes",
            "resource_group_name": "rg-aks-cluster",
            "service_endpoint_policy_ids": [],
            "service_endpoints": [],
            "timeouts": null,
            "virtual_network_name": "vnet-spoke-aks"
          },
          "sensitive_attributes": [],
          "private": "eyJlMmJmYjczMC1lY2FhLTExZTYtOGY4OC0zNDM2M2JjN2M0YzAiOnsiY3JlYXRlIjoxODAwMDAwMDAwMDAwLCJkZWxldGUiOjE4MDAwMDAwMDAwMDAsInJlYWQiOjMwMDAwMDAwMDAwMCwidXBkYXRlIjoxODAwMDAwMDAwMDAwfX0=",
          "dependencies": [
            "azurerm_resource_group.rg",
            "azurerm_virtual_network.vnet"
          ]
        }
      ]
    },
    {
      "mode": "managed",
      "type": "azurerm_subnet",
      "name": "subnetpods",
      "provider": "provider[\"registry.terraform.io/hashicorp/azurerm\"]",
      "instances": [
        {
          "schema_version": 0,
          "attributes": {
            "address_prefixes": [
              "10.240.0.0/24"
            ],
            "delegation": [
              {
                "name": "aks-delegation",
                "service_delegation": [
                  {
                    "actions": [
                      "Microsoft.Network/virtualNetworks/subnets/join/action"
                    ],
                    "name": "Microsoft.ContainerService/managedClusters"
                  }
                ]
              }
            ],
            "enforce_private_link_endpoint_network_policies": false,
            "enforce_private_link_service_network_policies": false,
            "id": "/subscriptions/7b1f7584-2f78-4923-851d-04a91bb32a57/resourceGroups/rg-aks-cluster/providers/Microsoft.Network/virtualNetworks/vnet-spoke-aks/subnets/subnet-aks-pods",
            "name": "subnet-aks-pods",
            "resource_group_name": "rg-aks-cluster",
            "service_endpoint_policy_ids": [],
            "service_endpoints": [],
            "timeouts": null,
            "virtual_network_name": "vnet-spoke-aks"
          },
          "sensitive_attributes": [],
          "private": "eyJlMmJmYjczMC1lY2FhLTExZTYtOGY4OC0zNDM2M2JjN2M0YzAiOnsiY3JlYXRlIjoxODAwMDAwMDAwMDAwLCJkZWxldGUiOjE4MDAwMDAwMDAwMDAsInJlYWQiOjMwMDAwMDAwMDAwMCwidXBkYXRlIjoxODAwMDAwMDAwMDAwfX0=",
          "dependencies": [
            "azurerm_resource_group.rg",
            "azurerm_virtual_network.vnet"
          ]
        }
      ]
    },
    {
      "mode": "managed",
      "type": "azurerm_user_assigned_identity",
      "name": "identity-aks",
      "provider": "provider[\"registry.terraform.io/hashicorp/azurerm\"]",
      "instances": [
        {
          "schema_version": 1,
          "attributes": {
            "client_id": "8646aeb9-638c-4bbb-b420-2496ffa84cd9",
            "id": "/subscriptions/7b1f7584-2f78-4923-851d-04a91bb32a57/resourceGroups/rg-aks-cluster/providers/Microsoft.ManagedIdentity/userAssignedIdentities/identity-aks",
            "location": "westeurope",
            "name": "identity-aks",
            "principal_id": "c05b19c4-c9cd-4211-abb7-2e34598682ff",
            "resource_group_name": "rg-aks-cluster",
            "tags": {
              "environment": "development",
              "source": "terraform"
            },
            "tenant_id": "558506eb-9459-4ef3-b920-ad55c555e729",
            "timeouts": null
          },
          "sensitive_attributes": [],
          "private": "eyJlMmJmYjczMC1lY2FhLTExZTYtOGY4OC0zNDM2M2JjN2M0YzAiOnsiY3JlYXRlIjoxODAwMDAwMDAwMDAwLCJkZWxldGUiOjE4MDAwMDAwMDAwMDAsInJlYWQiOjMwMDAwMDAwMDAwMCwidXBkYXRlIjoxODAwMDAwMDAwMDAwfSwic2NoZW1hX3ZlcnNpb24iOiIxIn0=",
          "dependencies": [
            "azurerm_resource_group.rg"
          ]
        }
      ]
    },
    {
      "mode": "managed",
      "type": "azurerm_user_assigned_identity",
      "name": "identity-kubelet",
      "provider": "provider[\"registry.terraform.io/hashicorp/azurerm\"]",
      "instances": [
        {
          "schema_version": 1,
          "attributes": {
            "client_id": "f39a55f7-6a34-4e6b-97fb-6c01269a6082",
            "id": "/subscriptions/7b1f7584-2f78-4923-851d-04a91bb32a57/resourceGroups/rg-aks-cluster/providers/Microsoft.ManagedIdentity/userAssignedIdentities/aks-cluster-agentpool",
            "location": "westeurope",
            "name": "aks-cluster-agentpool",
            "principal_id": "04d0020c-5a48-4c6b-a123-1f811431dbb6",
            "resource_group_name": "rg-aks-cluster",
            "tags": {
              "environment": "development",
              "source": "terraform"
            },
            "tenant_id": "558506eb-9459-4ef3-b920-ad55c555e729",
            "timeouts": null
          },
          "sensitive_attributes": [],
          "private": "eyJlMmJmYjczMC1lY2FhLTExZTYtOGY4OC0zNDM2M2JjN2M0YzAiOnsiY3JlYXRlIjoxODAwMDAwMDAwMDAwLCJkZWxldGUiOjE4MDAwMDAwMDAwMDAsInJlYWQiOjMwMDAwMDAwMDAwMCwidXBkYXRlIjoxODAwMDAwMDAwMDAwfSwic2NoZW1hX3ZlcnNpb24iOiIxIn0=",
          "dependencies": [
            "azurerm_resource_group.rg"
          ]
        }
      ]
    },
    {
      "mode": "managed",
      "type": "azurerm_virtual_network",
      "name": "vnet",
      "provider": "provider[\"registry.terraform.io/hashicorp/azurerm\"]",
      "instances": [
        {
          "schema_version": 0,
          "attributes": {
            "address_space": [
              "10.0.0.0/8"
            ],
            "bgp_community": "",
            "ddos_protection_plan": [],
            "dns_servers": [],
            "edge_zone": "",
            "flow_timeout_in_minutes": 0,
            "guid": "d7ebe272-272b-414d-9b52-dcef3c521a3a",
            "id": "/subscriptions/7b1f7584-2f78-4923-851d-04a91bb32a57/resourceGroups/rg-aks-cluster/providers/Microsoft.Network/virtualNetworks/vnet-spoke-aks",
            "location": "westeurope",
            "name": "vnet-spoke-aks",
            "resource_group_name": "rg-aks-cluster",
            "subnet": [
              {
                "address_prefix": "10.240.0.0/24",
                "id": "/subscriptions/7b1f7584-2f78-4923-851d-04a91bb32a57/resourceGroups/rg-aks-cluster/providers/Microsoft.Network/virtualNetworks/vnet-spoke-aks/subnets/subnet-aks-pods",
                "name": "subnet-aks-pods",
                "security_group": ""
              },
              {
                "address_prefix": "10.241.0.0/16",
                "id": "/subscriptions/7b1f7584-2f78-4923-851d-04a91bb32a57/resourceGroups/rg-aks-cluster/providers/Microsoft.Network/virtualNetworks/vnet-spoke-aks/subnets/subnet-aks-nodes",
                "name": "subnet-aks-nodes",
                "security_group": ""
              }
            ],
            "tags": {
              "environment": "development",
              "source": "terraform"
            },
            "timeouts": null
          },
          "sensitive_attributes": [],
          "private": "eyJlMmJmYjczMC1lY2FhLTExZTYtOGY4OC0zNDM2M2JjN2M0YzAiOnsiY3JlYXRlIjoxODAwMDAwMDAwMDAwLCJkZWxldGUiOjE4MDAwMDAwMDAwMDAsInJlYWQiOjMwMDAwMDAwMDAwMCwidXBkYXRlIjoxODAwMDAwMDAwMDAwfX0=",
          "dependencies": [
            "azurerm_resource_group.rg"
          ],
          "create_before_destroy": true
        }
      ]
    },
    {
      "mode": "managed",
      "type": "azurerm_virtual_network_peering",
      "name": "peering_vnet_aks_vnet_vm_jumpbox",
      "provider": "provider[\"registry.terraform.io/hashicorp/azurerm\"]",
      "instances": [
        {
          "index_key": 0,
          "schema_version": 0,
          "attributes": {
            "allow_forwarded_traffic": true,
            "allow_gateway_transit": false,
            "allow_virtual_network_access": true,
            "id": "/subscriptions/7b1f7584-2f78-4923-851d-04a91bb32a57/resourceGroups/rg-aks-cluster/providers/Microsoft.Network/virtualNetworks/vnet-spoke-aks/virtualNetworkPeerings/peering_vnet_aks_vnet_vm_jumpbox",
            "name": "peering_vnet_aks_vnet_vm_jumpbox",
            "remote_virtual_network_id": "/subscriptions/4b72ed90-7ca3-4e76-8d0f-31a2c0bee7a3/resourceGroups/rg-vm-devbox/providers/Microsoft.Network/virtualNetworks/rg-vm-devbox-vnet",
            "resource_group_name": "rg-aks-cluster",
            "timeouts": null,
            "use_remote_gateways": false,
            "virtual_network_name": "vnet-spoke-aks"
          },
          "sensitive_attributes": [],
          "private": "eyJlMmJmYjczMC1lY2FhLTExZTYtOGY4OC0zNDM2M2JjN2M0YzAiOnsiY3JlYXRlIjoxODAwMDAwMDAwMDAwLCJkZWxldGUiOjE4MDAwMDAwMDAwMDAsInJlYWQiOjMwMDAwMDAwMDAwMCwidXBkYXRlIjoxODAwMDAwMDAwMDAwfX0=",
          "dependencies": [
            "azurerm_resource_group.rg",
            "azurerm_virtual_network.vnet",
            "data.azurerm_virtual_network.vnet_vm_jumpbox"
          ]
        }
      ]
    },
    {
      "mode": "managed",
      "type": "azurerm_virtual_network_peering",
      "name": "peering_vnet_vm_jumpbox_vnet_aks",
      "provider": "provider[\"registry.terraform.io/hashicorp/azurerm\"].ms-internal",
      "instances": [
        {
          "index_key": 0,
          "schema_version": 0,
          "attributes": {
            "allow_forwarded_traffic": true,
            "allow_gateway_transit": false,
            "allow_virtual_network_access": true,
            "id": "/subscriptions/4b72ed90-7ca3-4e76-8d0f-31a2c0bee7a3/resourceGroups/rg-vm-devbox/providers/Microsoft.Network/virtualNetworks/rg-vm-devbox-vnet/virtualNetworkPeerings/peering_vnet_vm_jumpbox_vnet_aks",
            "name": "peering_vnet_vm_jumpbox_vnet_aks",
            "remote_virtual_network_id": "/subscriptions/7b1f7584-2f78-4923-851d-04a91bb32a57/resourceGroups/rg-aks-cluster/providers/Microsoft.Network/virtualNetworks/vnet-spoke-aks",
            "resource_group_name": "rg-vm-devbox",
            "timeouts": null,
            "use_remote_gateways": false,
            "virtual_network_name": "rg-vm-devbox-vnet"
          },
          "sensitive_attributes": [],
          "private": "eyJlMmJmYjczMC1lY2FhLTExZTYtOGY4OC0zNDM2M2JjN2M0YzAiOnsiY3JlYXRlIjoxODAwMDAwMDAwMDAwLCJkZWxldGUiOjE4MDAwMDAwMDAwMDAsInJlYWQiOjMwMDAwMDAwMDAwMCwidXBkYXRlIjoxODAwMDAwMDAwMDAwfX0=",
          "dependencies": [
            "azurerm_resource_group.rg",
            "azurerm_virtual_network.vnet",
            "data.azurerm_virtual_network.vnet_vm_jumpbox"
          ]
        }
      ]
    }
  ]
}
