{
  "version": 4,
  "terraform_version": "1.2.2",
  "serial": 27,
  "lineage": "a43235d9-5e22-f6a9-2952-1630ac812c0a",
  "outputs": {
    "application_ip_address": {
      "value": "213.199.134.55",
      "type": "string"
    },
    "client_certificate": {
      "value": "",
      "type": "string",
      "sensitive": true
    },
    "client_key": {
      "value": "",
      "type": "string",
      "sensitive": true
    },
    "cluster_ca_certificate": {
      "value": "LS0tLS1CRUdJTiBDRVJUSUZJQ0FURS0tLS0tCk1JSUU2VENDQXRHZ0F3SUJBZ0lSQU5LdzN2d3Qxc1V5dDAxRXJMSEIvckF3RFFZSktvWklodmNOQVFFTEJRQXcKRFRFTE1Ba0dBMVVFQXhNQ1kyRXdJQmNOTWpJd05qRXlNRGN6TXpRNVdoZ1BNakExTWpBMk1USXdOelF6TkRsYQpNQTB4Q3pBSkJnTlZCQU1UQW1OaE1JSUNJakFOQmdrcWhraUc5dzBCQVFFRkFBT0NBZzhBTUlJQ0NnS0NBZ0VBCnRDakpYU3U5MFh3bkg4eHpwVTBjVlhXMm1RNkF6QjBMTXdpSmpFNDRGKytGbk42NjRDRS9YMUxrMW15NHFkUEgKS3ZFenFLQkIvRXJvbU8yUVJlWlBNRXhHMnIvSVRqNGFENGQ1Qll3OGpGaFYyTzJkR1dwdE9veDBIT1d3bGx3ZQplckJneHlKaFVUY3dvbng5eW9tY09UUmNJdmQ1SGFJY1h6a0tJMkJWSzFRTmhUdlZWVUtnckhPV2w3YzhWOUNMCkN3MmhwdXBiNSt6NXhCWCtvM2wyS2RGSXJWYUh2bHFrWld0SWNNUTlYTkZQSk5KbjFxeTJnMjBDTXRaUGhveGYKdUZTL1ppWW1Dd0xINmZXdytnbEg2NXAxeVpiVXo1T1o4YS9BV01RWllwKzRpeHhUT3pRS1ZnZmd3MTdxTVdmZwpSTTZiSE40eFE4MG54NXNLZFNhc1puRlk5ME8zMTRlYjRHVEFEbFJ3cnJ6T1dPNVQ0d2cvQVpNNVNzRkk1V3hzCkhrSHZvdHgxZ1lnOXB3NXN4Rm9jcUtmUG9vRTdkT3ppV1VmL3M1a3JSQzNTVEQ5YnU5NjUwVCtVWnhQeG1pUmQKTlRsbXlWaXp2dEJES2doNFNRNGRRajA2K2VYYzJNVzBFWHRkcFFMclg1T2xzNytST2pOdVpIYSt6UDR6bFlNNQp5MkZ2UGxZRlZCTWFXa0FGNlBNeUpCK2ltNEU4aTBCYlp0R3dnby9NRThBTWN4T1N3STc1YjRjWjNtMUg3a0ppCkd0ZTloSnNBZEovUWMrc3VETjhBNTdVZFZVODU5NHZXeUdORGxvUGpHWlkvWWtNQ3Nvd2RuY1hicEhwSlJGSTUKWGRlb2dkcnpueUtRWVBmRGlHWGtONkZ2UUdFYWZlZEhIYTdJaWlxQkVYTUNBd0VBQWFOQ01FQXdEZ1lEVlIwUApBUUgvQkFRREFnS2tNQThHQTFVZEV3RUIvd1FGTUFNQkFmOHdIUVlEVlIwT0JCWUVGQ1hCcEE5aGorMjFoZ0FNCjdaUyszMEJGTVpieE1BMEdDU3FHU0liM0RRRUJDd1VBQTRJQ0FRQjBNR3RKODllN1FmRGgwRmVBNnBPRCs0aloKTjJPYW0ycmQ3SDV6Mm1BWUdmb1hHV3BEVW1LUVdYUi9zejFLdUJVNHR1dFJaVHRMN09aa0RDTnl3cm8xT0dYZwp2QkRwTDBqQmlydkNCankzY3h2MkE5NUsxdlB1UTE3SWE4bURnaGRYb3pYcTNyaEU4WlVkaU9SMW1LMWxmbVNyCjNOUWpHam1xMCsrTURkaThwSHJaQ2VhbnFPWEc0Q0FFaWFsamY2di9sNVBsK01seGs5MzJzZHlucWovRUxsNUMKYUFZbmgwMHV3WEpSRnBFSUsrTGV2RUl6T1lEMFZwaDNrOEl5cVZqSGdqQlVTUDZ0WWh1R2lKSUgwY3VFb1F4TApmcDJHQmU0c0dveWVzTDdYUklYYTJRTUhhL0ZKbnVHaVV5M1JtS2sxNUVHU2UwdXZRSWRVTTRGTEgrTkpxbkZ1ClhtZ3cvOUoxUUpvVEpKR2JlekFxVkdTdU5TSFFTOVRPcXR2ZUVIL3FLSXFvdWxqN0Zzemh4dkdNeUhCYlk3a1kKb2VLZER4Z0xaM3l3cGdsd2x2NjdRQVVFUVk1Yy9oS0x3SWdYaWlQRGVFUlBiTHdMUG9HdDMvOTNtTlJhYUNyLwp1MjhnZkVYTkxiMEJ4ZENHRGNEU1dLRDBic2hxVnozNklkakRtalRQbDhBSFZVMVhFc1VtNHJNN2N0Smd4Ylh1CnR0TlJoZmg3dHllUGhOeGZ2YVdmWkFJVFlEVWJURGxlY2I1Z1hQUFdiRU9VRGNzRUZrMzQvWHg3OER5d1UrSUQKbXBWRTRrREk4Rnh0WHp5eFNtNFpsWkplRCtQbjg4U1d0OHpBOW91UVF4dGhLWFkzKzlYN2FVRzJGT0NXMjVINQpkaWxrd3p2YjlxSW1VK2RsVUE9PQotLS0tLUVORCBDRVJUSUZJQ0FURS0tLS0tCg==",
      "type": "string",
      "sensitive": true
    },
    "cluster_password": {
      "value": "",
      "type": "string",
      "sensitive": true
    },
    "cluster_username": {
      "value": "clusterUser_rg-aks-cluster_aks-cluster",
      "type": "string",
      "sensitive": true
    },
    "host": {
      "value": "https://aks-5faf302b.hcp.westeurope.azmk8s.io:443",
      "type": "string",
      "sensitive": true
    },
    "kube_config": {
      "value": "apiVersion: v1\nclusters:\n- cluster:\n    certificate-authority-data: LS0tLS1CRUdJTiBDRVJUSUZJQ0FURS0tLS0tCk1JSUU2VENDQXRHZ0F3SUJBZ0lSQU5LdzN2d3Qxc1V5dDAxRXJMSEIvckF3RFFZSktvWklodmNOQVFFTEJRQXcKRFRFTE1Ba0dBMVVFQXhNQ1kyRXdJQmNOTWpJd05qRXlNRGN6TXpRNVdoZ1BNakExTWpBMk1USXdOelF6TkRsYQpNQTB4Q3pBSkJnTlZCQU1UQW1OaE1JSUNJakFOQmdrcWhraUc5dzBCQVFFRkFBT0NBZzhBTUlJQ0NnS0NBZ0VBCnRDakpYU3U5MFh3bkg4eHpwVTBjVlhXMm1RNkF6QjBMTXdpSmpFNDRGKytGbk42NjRDRS9YMUxrMW15NHFkUEgKS3ZFenFLQkIvRXJvbU8yUVJlWlBNRXhHMnIvSVRqNGFENGQ1Qll3OGpGaFYyTzJkR1dwdE9veDBIT1d3bGx3ZQplckJneHlKaFVUY3dvbng5eW9tY09UUmNJdmQ1SGFJY1h6a0tJMkJWSzFRTmhUdlZWVUtnckhPV2w3YzhWOUNMCkN3MmhwdXBiNSt6NXhCWCtvM2wyS2RGSXJWYUh2bHFrWld0SWNNUTlYTkZQSk5KbjFxeTJnMjBDTXRaUGhveGYKdUZTL1ppWW1Dd0xINmZXdytnbEg2NXAxeVpiVXo1T1o4YS9BV01RWllwKzRpeHhUT3pRS1ZnZmd3MTdxTVdmZwpSTTZiSE40eFE4MG54NXNLZFNhc1puRlk5ME8zMTRlYjRHVEFEbFJ3cnJ6T1dPNVQ0d2cvQVpNNVNzRkk1V3hzCkhrSHZvdHgxZ1lnOXB3NXN4Rm9jcUtmUG9vRTdkT3ppV1VmL3M1a3JSQzNTVEQ5YnU5NjUwVCtVWnhQeG1pUmQKTlRsbXlWaXp2dEJES2doNFNRNGRRajA2K2VYYzJNVzBFWHRkcFFMclg1T2xzNytST2pOdVpIYSt6UDR6bFlNNQp5MkZ2UGxZRlZCTWFXa0FGNlBNeUpCK2ltNEU4aTBCYlp0R3dnby9NRThBTWN4T1N3STc1YjRjWjNtMUg3a0ppCkd0ZTloSnNBZEovUWMrc3VETjhBNTdVZFZVODU5NHZXeUdORGxvUGpHWlkvWWtNQ3Nvd2RuY1hicEhwSlJGSTUKWGRlb2dkcnpueUtRWVBmRGlHWGtONkZ2UUdFYWZlZEhIYTdJaWlxQkVYTUNBd0VBQWFOQ01FQXdEZ1lEVlIwUApBUUgvQkFRREFnS2tNQThHQTFVZEV3RUIvd1FGTUFNQkFmOHdIUVlEVlIwT0JCWUVGQ1hCcEE5aGorMjFoZ0FNCjdaUyszMEJGTVpieE1BMEdDU3FHU0liM0RRRUJDd1VBQTRJQ0FRQjBNR3RKODllN1FmRGgwRmVBNnBPRCs0aloKTjJPYW0ycmQ3SDV6Mm1BWUdmb1hHV3BEVW1LUVdYUi9zejFLdUJVNHR1dFJaVHRMN09aa0RDTnl3cm8xT0dYZwp2QkRwTDBqQmlydkNCankzY3h2MkE5NUsxdlB1UTE3SWE4bURnaGRYb3pYcTNyaEU4WlVkaU9SMW1LMWxmbVNyCjNOUWpHam1xMCsrTURkaThwSHJaQ2VhbnFPWEc0Q0FFaWFsamY2di9sNVBsK01seGs5MzJzZHlucWovRUxsNUMKYUFZbmgwMHV3WEpSRnBFSUsrTGV2RUl6T1lEMFZwaDNrOEl5cVZqSGdqQlVTUDZ0WWh1R2lKSUgwY3VFb1F4TApmcDJHQmU0c0dveWVzTDdYUklYYTJRTUhhL0ZKbnVHaVV5M1JtS2sxNUVHU2UwdXZRSWRVTTRGTEgrTkpxbkZ1ClhtZ3cvOUoxUUpvVEpKR2JlekFxVkdTdU5TSFFTOVRPcXR2ZUVIL3FLSXFvdWxqN0Zzemh4dkdNeUhCYlk3a1kKb2VLZER4Z0xaM3l3cGdsd2x2NjdRQVVFUVk1Yy9oS0x3SWdYaWlQRGVFUlBiTHdMUG9HdDMvOTNtTlJhYUNyLwp1MjhnZkVYTkxiMEJ4ZENHRGNEU1dLRDBic2hxVnozNklkakRtalRQbDhBSFZVMVhFc1VtNHJNN2N0Smd4Ylh1CnR0TlJoZmg3dHllUGhOeGZ2YVdmWkFJVFlEVWJURGxlY2I1Z1hQUFdiRU9VRGNzRUZrMzQvWHg3OER5d1UrSUQKbXBWRTRrREk4Rnh0WHp5eFNtNFpsWkplRCtQbjg4U1d0OHpBOW91UVF4dGhLWFkzKzlYN2FVRzJGT0NXMjVINQpkaWxrd3p2YjlxSW1VK2RsVUE9PQotLS0tLUVORCBDRVJUSUZJQ0FURS0tLS0tCg==\n    server: https://aks-5faf302b.hcp.westeurope.azmk8s.io:443\n  name: aks-cluster\ncontexts:\n- context:\n    cluster: aks-cluster\n    user: clusterUser_rg-aks-cluster_aks-cluster\n  name: aks-cluster\ncurrent-context: aks-cluster\nkind: Config\npreferences: {}\nusers:\n- name: clusterUser_rg-aks-cluster_aks-cluster\n  user:\n    auth-provider:\n      config:\n        apiserver-id: 6dae42f8-4368-4678-94ff-3960e28e3630\n        client-id: 80faf920-1908-4b52-b5ef-a8e7bedfc67a\n        config-mode: \"1\"\n        environment: AzurePublicCloud\n        tenant-id: 558506eb-9459-4ef3-b920-ad55c555e729\n      name: azure\n",
      "type": "string",
      "sensitive": true
    },
    "resource_group_name": {
      "value": "rg-aks-cluster",
      "type": "string"
    }
  },
  "resources": [
    {
      "mode": "data",
      "type": "azuread_client_config",
      "name": "current",
      "provider": "provider[\"registry.terraform.io/hashicorp/azuread\"]",
      "instances": [
        {
          "schema_version": 0,
          "attributes": {
            "client_id": "04b07795-8ddb-461a-bbee-02f9e1bf7b46",
            "id": "558506eb-9459-4ef3-b920-ad55c555e729-04b07795-8ddb-461a-bbee-02f9e1bf7b46-f97fc9ba-ebda-439e-825a-0e25801cb32c",
            "object_id": "f97fc9ba-ebda-439e-825a-0e25801cb32c",
            "tenant_id": "558506eb-9459-4ef3-b920-ad55c555e729",
            "timeouts": null
          },
          "sensitive_attributes": []
        }
      ]
    },
    {
      "mode": "data",
      "type": "azuread_service_principal",
      "name": "aks_aad_server",
      "provider": "provider[\"registry.terraform.io/hashicorp/azuread\"]",
      "instances": [
        {
          "schema_version": 0,
          "attributes": {
            "account_enabled": true,
            "alternative_names": [],
            "app_role_assignment_required": false,
            "app_role_ids": {},
            "app_roles": [],
            "application_id": "6dae42f8-4368-4678-94ff-3960e28e3630",
            "application_tenant_id": "f8cdef31-a31e-4b4a-93e4-5f571e91255a",
            "description": "",
            "display_name": "Azure Kubernetes Service AAD Server",
            "feature_tags": [
              {
                "custom_single_sign_on": false,
                "enterprise": false,
                "gallery": false,
                "hide": false
              }
            ],
            "features": [
              {
                "custom_single_sign_on_app": false,
                "enterprise_application": false,
                "gallery_application": false,
                "visible_to_users": true
              }
            ],
            "homepage_url": "",
            "id": "5dc776ad-9525-4afd-ad24-334e21ad710e",
            "login_url": "",
            "logout_url": "",
            "notes": "",
            "notification_email_addresses": [],
            "oauth2_permission_scope_ids": {
              "user.read": "34a47c2f-cd0d-47b4-a93c-2c41130c671c"
            },
            "oauth2_permission_scopes": [
              {
                "admin_consent_description": "this allows to read user profile",
                "admin_consent_display_name": "user.read",
                "enabled": true,
                "id": "34a47c2f-cd0d-47b4-a93c-2c41130c671c",
                "type": "User",
                "user_consent_description": "this allows to read user profile",
                "user_consent_display_name": "user.read",
                "value": "user.read"
              }
            ],
            "object_id": "5dc776ad-9525-4afd-ad24-334e21ad710e",
            "preferred_single_sign_on_mode": "",
            "redirect_uris": [],
            "saml_metadata_url": "",
            "saml_single_sign_on": [],
            "service_principal_names": [
              "https://aks-aad-server.azure.com"
            ],
            "sign_in_audience": "AzureADMultipleOrgs",
            "tags": [],
            "timeouts": null,
            "type": "Application"
          },
          "sensitive_attributes": []
        }
      ]
    },
    {
      "mode": "data",
      "type": "azurerm_client_config",
      "name": "current",
      "provider": "provider[\"registry.terraform.io/hashicorp/azurerm\"]",
      "instances": [
        {
          "schema_version": 0,
          "attributes": {
            "client_id": "04b07795-8ddb-461a-bbee-02f9e1bf7b46",
            "id": "2022-06-12 07:38:42.165391814 +0000 UTC",
            "object_id": "f97fc9ba-ebda-439e-825a-0e25801cb32c",
            "subscription_id": "59d574d4-1c03-4092-ab22-312ed594eec9",
            "tenant_id": "558506eb-9459-4ef3-b920-ad55c555e729",
            "timeouts": null
          },
          "sensitive_attributes": []
        }
      ]
    },
    {
      "mode": "data",
      "type": "azurerm_kubernetes_service_versions",
      "name": "current",
      "provider": "provider[\"registry.terraform.io/hashicorp/azurerm\"]",
      "instances": [
        {
          "schema_version": 0,
          "attributes": {
            "id": "/subscriptions/59d574d4-1c03-4092-ab22-312ed594eec9/providers/Microsoft.ContainerService/locations/westeurope/orchestrators",
            "include_preview": true,
            "latest_version": "1.24.0",
            "location": "westeurope",
            "timeouts": null,
            "version_prefix": null,
            "versions": [
              "1.21.7",
              "1.21.9",
              "1.22.4",
              "1.22.6",
              "1.23.3",
              "1.23.5",
              "1.24.0"
            ]
          },
          "sensitive_attributes": []
        }
      ]
    },
    {
      "mode": "data",
      "type": "azurerm_resource_group",
      "name": "aks_nodes_rg",
      "provider": "provider[\"registry.terraform.io/hashicorp/azurerm\"]",
      "instances": [
        {
          "schema_version": 0,
          "attributes": {
            "id": "/subscriptions/59d574d4-1c03-4092-ab22-312ed594eec9/resourceGroups/rg-aks-cluster-managed",
            "location": "westeurope",
            "name": "rg-aks-cluster-managed",
            "tags": {
              "aks-managed-cluster-name": "aks-cluster",
              "aks-managed-cluster-rg": "rg-aks-cluster",
              "environment": "development",
              "source": "terraform"
            },
            "timeouts": null
          },
          "sensitive_attributes": []
        }
      ]
    },
    {
      "mode": "data",
      "type": "azurerm_subscription",
      "name": "current",
      "provider": "provider[\"registry.terraform.io/hashicorp/azurerm\"]",
      "instances": [
        {
          "schema_version": 0,
          "attributes": {
            "display_name": "Microsoft-Azure-6",
            "id": "/subscriptions/59d574d4-1c03-4092-ab22-312ed594eec9",
            "location_placement_id": "Public_2014-09-01",
            "quota_id": "MSDN_2014-09-01",
            "spending_limit": "On",
            "state": "Enabled",
            "subscription_id": "59d574d4-1c03-4092-ab22-312ed594eec9",
            "tags": {},
            "tenant_id": "558506eb-9459-4ef3-b920-ad55c555e729",
            "timeouts": null
          },
          "sensitive_attributes": []
        }
      ]
    },
    {
      "mode": "managed",
      "type": "azuread_application",
      "name": "app",
      "provider": "provider[\"registry.terraform.io/hashicorp/azuread\"]",
      "instances": [
        {
          "schema_version": 1,
          "attributes": {
            "api": [
              {
                "known_client_applications": [],
                "mapped_claims_enabled": false,
                "oauth2_permission_scope": [],
                "requested_access_token_version": 1
              }
            ],
            "app_role": [],
            "app_role_ids": {},
            "application_id": "b02ca7ca-3a69-435e-85b3-161a199c44c2",
            "device_only_auth_enabled": false,
            "disabled_by_microsoft": "\u003cnil\u003e",
            "display_name": "spn-aks-tf",
            "fallback_public_client_enabled": false,
            "feature_tags": [
              {
                "custom_single_sign_on": false,
                "enterprise": false,
                "gallery": false,
                "hide": false
              }
            ],
            "group_membership_claims": null,
            "id": "0f030f9c-1f7b-42e9-9045-8b580cb95ea0",
            "identifier_uris": null,
            "logo_image": "",
            "logo_url": "",
            "marketing_url": "",
            "oauth2_permission_scope_ids": {},
            "oauth2_post_response_required": false,
            "object_id": "0f030f9c-1f7b-42e9-9045-8b580cb95ea0",
            "optional_claims": [
              {
                "access_token": [],
                "id_token": [],
                "saml2_token": []
              }
            ],
            "owners": null,
            "prevent_duplicate_names": false,
            "privacy_statement_url": "",
            "public_client": [
              {
                "redirect_uris": []
              }
            ],
            "publisher_domain": "houssemdellai.onmicrosoft.com",
            "required_resource_access": [],
            "sign_in_audience": "AzureADMyOrg",
            "single_page_application": [
              {
                "redirect_uris": []
              }
            ],
            "support_url": "",
            "tags": [],
            "template_id": "",
            "terms_of_service_url": "",
            "timeouts": null,
            "web": [
              {
                "homepage_url": "",
                "implicit_grant": [
                  {
                    "access_token_issuance_enabled": false,
                    "id_token_issuance_enabled": false
                  }
                ],
                "logout_url": "",
                "redirect_uris": []
              }
            ]
          },
          "sensitive_attributes": [],
          "private": "eyJlMmJmYjczMC1lY2FhLTExZTYtOGY4OC0zNDM2M2JjN2M0YzAiOnsiY3JlYXRlIjo2MDAwMDAwMDAwMDAsImRlbGV0ZSI6MzAwMDAwMDAwMDAwLCJyZWFkIjozMDAwMDAwMDAwMDAsInVwZGF0ZSI6NjAwMDAwMDAwMDAwfSwic2NoZW1hX3ZlcnNpb24iOiIxIn0=",
          "create_before_destroy": true
        }
      ]
    },
    {
      "mode": "managed",
      "type": "azuread_group",
      "name": "aks_admins",
      "provider": "provider[\"registry.terraform.io/hashicorp/azuread\"]",
      "instances": [
        {
          "schema_version": 0,
          "attributes": {
            "assignable_to_role": false,
            "auto_subscribe_new_members": false,
            "behaviors": null,
            "description": "",
            "display_name": "group_aks_admins",
            "dynamic_membership": [],
            "external_senders_allowed": false,
            "hide_from_address_lists": false,
            "hide_from_outlook_clients": false,
            "id": "5592d05f-8ad8-4454-94e6-8f5da4d91591",
            "mail": "",
            "mail_enabled": false,
            "mail_nickname": "fe094f41-2",
            "members": [
              "ce6fb609-8635-4a07-8ada-f0b37b58d948",
              "f97fc9ba-ebda-439e-825a-0e25801cb32c"
            ],
            "object_id": "5592d05f-8ad8-4454-94e6-8f5da4d91591",
            "onpremises_domain_name": "",
            "onpremises_netbios_name": "",
            "onpremises_sam_account_name": "",
            "onpremises_security_identifier": "",
            "onpremises_sync_enabled": false,
            "owners": [
              "f97fc9ba-ebda-439e-825a-0e25801cb32c"
            ],
            "preferred_language": "",
            "prevent_duplicate_names": false,
            "provisioning_options": null,
            "proxy_addresses": [],
            "security_enabled": true,
            "theme": "",
            "timeouts": null,
            "types": null,
            "visibility": ""
          },
          "sensitive_attributes": [],
          "private": "eyJlMmJmYjczMC1lY2FhLTExZTYtOGY4OC0zNDM2M2JjN2M0YzAiOnsiY3JlYXRlIjoxMjAwMDAwMDAwMDAwLCJkZWxldGUiOjMwMDAwMDAwMDAwMCwicmVhZCI6MzAwMDAwMDAwMDAwLCJ1cGRhdGUiOjEyMDAwMDAwMDAwMDB9fQ==",
          "dependencies": [
            "azuread_application.app",
            "azuread_service_principal.spn",
            "data.azuread_client_config.current"
          ],
          "create_before_destroy": true
        }
      ]
    },
    {
      "mode": "managed",
      "type": "azuread_service_principal",
      "name": "spn",
      "provider": "provider[\"registry.terraform.io/hashicorp/azuread\"]",
      "instances": [
        {
          "schema_version": 0,
          "attributes": {
            "account_enabled": true,
            "alternative_names": null,
            "app_role_assignment_required": false,
            "app_role_ids": {},
            "app_roles": [],
            "application_id": "b02ca7ca-3a69-435e-85b3-161a199c44c2",
            "application_tenant_id": "558506eb-9459-4ef3-b920-ad55c555e729",
            "description": "",
            "display_name": "spn-aks-tf",
            "feature_tags": [
              {
                "custom_single_sign_on": false,
                "enterprise": false,
                "gallery": false,
                "hide": false
              }
            ],
            "features": [
              {
                "custom_single_sign_on_app": false,
                "enterprise_application": false,
                "gallery_application": false,
                "visible_to_users": true
              }
            ],
            "homepage_url": "",
            "id": "ce6fb609-8635-4a07-8ada-f0b37b58d948",
            "login_url": "",
            "logout_url": "",
            "notes": "",
            "notification_email_addresses": null,
            "oauth2_permission_scope_ids": {},
            "oauth2_permission_scopes": [],
            "object_id": "ce6fb609-8635-4a07-8ada-f0b37b58d948",
            "owners": null,
            "preferred_single_sign_on_mode": "",
            "redirect_uris": [],
            "saml_metadata_url": "",
            "saml_single_sign_on": [
              {
                "relay_state": ""
              }
            ],
            "service_principal_names": [],
            "sign_in_audience": "AzureADMyOrg",
            "tags": [],
            "timeouts": null,
            "type": "Application",
            "use_existing": null
          },
          "sensitive_attributes": [],
          "private": "eyJlMmJmYjczMC1lY2FhLTExZTYtOGY4OC0zNDM2M2JjN2M0YzAiOnsiY3JlYXRlIjo2MDAwMDAwMDAwMDAsImRlbGV0ZSI6MzAwMDAwMDAwMDAwLCJyZWFkIjozMDAwMDAwMDAwMDAsInVwZGF0ZSI6NjAwMDAwMDAwMDAwfX0=",
          "dependencies": [
            "azuread_application.app"
          ],
          "create_before_destroy": true
        }
      ]
    },
    {
      "mode": "managed",
      "type": "azuread_service_principal_password",
      "name": "spn_password",
      "provider": "provider[\"registry.terraform.io/hashicorp/azuread\"]",
      "instances": [
        {
          "schema_version": 1,
          "attributes": {
            "display_name": null,
            "end_date": "2024-06-12T07:38:47Z",
            "end_date_relative": null,
            "id": "ce6fb609-8635-4a07-8ada-f0b37b58d948/password/78507f6f-8350-4383-a9e0-aba0b18b7bf8",
            "key_id": "78507f6f-8350-4383-a9e0-aba0b18b7bf8",
            "rotate_when_changed": null,
            "service_principal_id": "ce6fb609-8635-4a07-8ada-f0b37b58d948",
            "start_date": "2022-06-12T07:38:47Z",
            "timeouts": null,
            "value": "Tr48Q~goVpmG8EmCGUb1smG.T0xiaObnghYRHcNj"
          },
          "sensitive_attributes": [],
          "private": "eyJlMmJmYjczMC1lY2FhLTExZTYtOGY4OC0zNDM2M2JjN2M0YzAiOnsiY3JlYXRlIjozMDAwMDAwMDAwMDAsImRlbGV0ZSI6MzAwMDAwMDAwMDAwLCJyZWFkIjozMDAwMDAwMDAwMDAsInVwZGF0ZSI6MzAwMDAwMDAwMDAwfSwic2NoZW1hX3ZlcnNpb24iOiIxIn0=",
          "dependencies": [
            "azuread_application.app",
            "azuread_service_principal.spn"
          ]
        }
      ]
    },
    {
      "mode": "managed",
      "type": "azurerm_application_gateway",
      "name": "appgw",
      "provider": "provider[\"registry.terraform.io/hashicorp/azurerm\"]",
      "instances": [
        {
          "schema_version": 0,
          "attributes": {
            "authentication_certificate": [],
            "autoscale_configuration": [],
            "backend_address_pool": [
              {
                "fqdns": [],
                "id": "/subscriptions/59d574d4-1c03-4092-ab22-312ed594eec9/resourceGroups/rg-aks-cluster/providers/Microsoft.Network/applicationGateways/appgw-aks/backendAddressPools/vnet-spoke-aks-beap",
                "ip_addresses": [],
                "name": "vnet-spoke-aks-beap"
              }
            ],
            "backend_http_settings": [
              {
                "affinity_cookie_name": "",
                "authentication_certificate": [],
                "connection_draining": [],
                "cookie_based_affinity": "Disabled",
                "host_name": "",
                "id": "/subscriptions/59d574d4-1c03-4092-ab22-312ed594eec9/resourceGroups/rg-aks-cluster/providers/Microsoft.Network/applicationGateways/appgw-aks/backendHttpSettingsCollection/vnet-spoke-aks-be-htst",
                "name": "vnet-spoke-aks-be-htst",
                "path": "",
                "pick_host_name_from_backend_address": false,
                "port": 80,
                "probe_id": "",
                "probe_name": "",
                "protocol": "Http",
                "request_timeout": 1,
                "trusted_root_certificate_names": []
              }
            ],
            "custom_error_configuration": [],
            "enable_http2": false,
            "fips_enabled": false,
            "firewall_policy_id": null,
            "force_firewall_policy_association": false,
            "frontend_ip_configuration": [
              {
                "id": "/subscriptions/59d574d4-1c03-4092-ab22-312ed594eec9/resourceGroups/rg-aks-cluster/providers/Microsoft.Network/applicationGateways/appgw-aks/frontendIPConfigurations/vnet-spoke-aks-feip",
                "name": "vnet-spoke-aks-feip",
                "private_ip_address": "",
                "private_ip_address_allocation": "Dynamic",
                "private_link_configuration_id": "",
                "private_link_configuration_name": "",
                "public_ip_address_id": "/subscriptions/59d574d4-1c03-4092-ab22-312ed594eec9/resourceGroups/rg-aks-cluster/providers/Microsoft.Network/publicIPAddresses/publicIp-appgw",
                "subnet_id": ""
              }
            ],
            "frontend_port": [
              {
                "id": "/subscriptions/59d574d4-1c03-4092-ab22-312ed594eec9/resourceGroups/rg-aks-cluster/providers/Microsoft.Network/applicationGateways/appgw-aks/frontendPorts/httpsPort",
                "name": "httpsPort",
                "port": 443
              },
              {
                "id": "/subscriptions/59d574d4-1c03-4092-ab22-312ed594eec9/resourceGroups/rg-aks-cluster/providers/Microsoft.Network/applicationGateways/appgw-aks/frontendPorts/vnet-spoke-aks-feport",
                "name": "vnet-spoke-aks-feport",
                "port": 80
              }
            ],
            "gateway_ip_configuration": [
              {
                "id": "/subscriptions/59d574d4-1c03-4092-ab22-312ed594eec9/resourceGroups/rg-aks-cluster/providers/Microsoft.Network/applicationGateways/appgw-aks/gatewayIPConfigurations/appGatewayIpConfig",
                "name": "appGatewayIpConfig",
                "subnet_id": "/subscriptions/59d574d4-1c03-4092-ab22-312ed594eec9/resourceGroups/rg-aks-cluster/providers/Microsoft.Network/virtualNetworks/vnet-spoke-aks/subnets/subnet-appgw"
              }
            ],
            "http_listener": [
              {
                "custom_error_configuration": [],
                "firewall_policy_id": "",
                "frontend_ip_configuration_id": "/subscriptions/59d574d4-1c03-4092-ab22-312ed594eec9/resourceGroups/rg-aks-cluster/providers/Microsoft.Network/applicationGateways/appgw-aks/frontendIPConfigurations/vnet-spoke-aks-feip",
                "frontend_ip_configuration_name": "vnet-spoke-aks-feip",
                "frontend_port_id": "/subscriptions/59d574d4-1c03-4092-ab22-312ed594eec9/resourceGroups/rg-aks-cluster/providers/Microsoft.Network/applicationGateways/appgw-aks/frontendPorts/vnet-spoke-aks-feport",
                "frontend_port_name": "vnet-spoke-aks-feport",
                "host_name": "",
                "host_names": [],
                "id": "/subscriptions/59d574d4-1c03-4092-ab22-312ed594eec9/resourceGroups/rg-aks-cluster/providers/Microsoft.Network/applicationGateways/appgw-aks/httpListeners/vnet-spoke-aks-httplstn",
                "name": "vnet-spoke-aks-httplstn",
                "protocol": "Http",
                "require_sni": false,
                "ssl_certificate_id": "",
                "ssl_certificate_name": "",
                "ssl_profile_id": "",
                "ssl_profile_name": ""
              }
            ],
            "id": "/subscriptions/59d574d4-1c03-4092-ab22-312ed594eec9/resourceGroups/rg-aks-cluster/providers/Microsoft.Network/applicationGateways/appgw-aks",
            "identity": [],
            "location": "westeurope",
            "name": "appgw-aks",
            "private_endpoint_connection": [],
            "private_link_configuration": [],
            "probe": [],
            "redirect_configuration": [],
            "request_routing_rule": [
              {
                "backend_address_pool_id": "/subscriptions/59d574d4-1c03-4092-ab22-312ed594eec9/resourceGroups/rg-aks-cluster/providers/Microsoft.Network/applicationGateways/appgw-aks/backendAddressPools/vnet-spoke-aks-beap",
                "backend_address_pool_name": "vnet-spoke-aks-beap",
                "backend_http_settings_id": "/subscriptions/59d574d4-1c03-4092-ab22-312ed594eec9/resourceGroups/rg-aks-cluster/providers/Microsoft.Network/applicationGateways/appgw-aks/backendHttpSettingsCollection/vnet-spoke-aks-be-htst",
                "backend_http_settings_name": "vnet-spoke-aks-be-htst",
                "http_listener_id": "/subscriptions/59d574d4-1c03-4092-ab22-312ed594eec9/resourceGroups/rg-aks-cluster/providers/Microsoft.Network/applicationGateways/appgw-aks/httpListeners/vnet-spoke-aks-httplstn",
                "http_listener_name": "vnet-spoke-aks-httplstn",
                "id": "/subscriptions/59d574d4-1c03-4092-ab22-312ed594eec9/resourceGroups/rg-aks-cluster/providers/Microsoft.Network/applicationGateways/appgw-aks/requestRoutingRules/vnet-spoke-aks-rqrt",
                "name": "vnet-spoke-aks-rqrt",
                "priority": 10000,
                "redirect_configuration_id": "",
                "redirect_configuration_name": "",
                "rewrite_rule_set_id": "",
                "rewrite_rule_set_name": "",
                "rule_type": "Basic",
                "url_path_map_id": "",
                "url_path_map_name": ""
              }
            ],
            "resource_group_name": "rg-aks-cluster",
            "rewrite_rule_set": [],
            "sku": [
              {
                "capacity": 2,
                "name": "Standard_v2",
                "tier": "Standard_v2"
              }
            ],
            "ssl_certificate": [],
            "ssl_policy": [
              {
                "cipher_suites": [],
                "disabled_protocols": [],
                "min_protocol_version": "",
                "policy_name": "AppGwSslPolicy20150501",
                "policy_type": "Predefined"
              }
            ],
            "ssl_profile": [],
            "tags": {
              "environment": "development",
              "source": "terraform"
            },
            "timeouts": null,
            "trusted_client_certificate": [],
            "trusted_root_certificate": [],
            "url_path_map": [],
            "waf_configuration": [],
            "zones": null
          },
          "sensitive_attributes": [],
          "private": "eyJlMmJmYjczMC1lY2FhLTExZTYtOGY4OC0zNDM2M2JjN2M0YzAiOnsiY3JlYXRlIjo1NDAwMDAwMDAwMDAwLCJkZWxldGUiOjU0MDAwMDAwMDAwMDAsInJlYWQiOjMwMDAwMDAwMDAwMCwidXBkYXRlIjo1NDAwMDAwMDAwMDAwfX0=",
          "dependencies": [
            "azurerm_public_ip.pip",
            "azurerm_resource_group.rg",
            "azurerm_subnet.subnetappgw",
            "azurerm_virtual_network.vnet"
          ],
          "create_before_destroy": true
        }
      ]
    },
    {
      "mode": "managed",
      "type": "azurerm_container_registry",
      "name": "acr",
      "provider": "provider[\"registry.terraform.io/hashicorp/azurerm\"]",
      "instances": [
        {
          "schema_version": 2,
          "attributes": {
            "admin_enabled": false,
            "admin_password": "",
            "admin_username": "",
            "anonymous_pull_enabled": false,
            "data_endpoint_enabled": false,
            "encryption": [
              {
                "enabled": false,
                "identity_client_id": "",
                "key_vault_key_id": ""
              }
            ],
            "export_policy_enabled": true,
            "georeplications": [],
            "id": "/subscriptions/59d574d4-1c03-4092-ab22-312ed594eec9/resourceGroups/rg-aks-cluster/providers/Microsoft.ContainerRegistry/registries/acrforakstf029",
            "identity": [],
            "location": "westeurope",
            "login_server": "acrforakstf029.azurecr.io",
            "name": "acrforakstf029",
            "network_rule_bypass_option": "AzureServices",
            "network_rule_set": [],
            "public_network_access_enabled": true,
            "quarantine_policy_enabled": false,
            "resource_group_name": "rg-aks-cluster",
            "retention_policy": [
              {
                "days": 7,
                "enabled": false
              }
            ],
            "sku": "Standard",
            "tags": {
              "environment": "development",
              "source": "terraform"
            },
            "timeouts": null,
            "trust_policy": [
              {
                "enabled": false
              }
            ],
            "zone_redundancy_enabled": false
          },
          "sensitive_attributes": [],
          "private": "eyJlMmJmYjczMC1lY2FhLTExZTYtOGY4OC0zNDM2M2JjN2M0YzAiOnsiY3JlYXRlIjoxODAwMDAwMDAwMDAwLCJkZWxldGUiOjE4MDAwMDAwMDAwMDAsInJlYWQiOjMwMDAwMDAwMDAwMCwidXBkYXRlIjoxODAwMDAwMDAwMDAwfSwic2NoZW1hX3ZlcnNpb24iOiIyIn0=",
          "dependencies": [
            "azurerm_resource_group.rg"
          ]
        }
      ]
    },
    {
      "mode": "managed",
      "type": "azurerm_key_vault",
      "name": "kv",
      "provider": "provider[\"registry.terraform.io/hashicorp/azurerm\"]",
      "instances": [
        {
          "schema_version": 2,
          "attributes": {
            "access_policy": [],
            "contact": [],
            "enable_rbac_authorization": true,
            "enabled_for_deployment": false,
            "enabled_for_disk_encryption": false,
            "enabled_for_template_deployment": false,
            "id": "/subscriptions/59d574d4-1c03-4092-ab22-312ed594eec9/resourceGroups/rg-aks-cluster/providers/Microsoft.KeyVault/vaults/kvforaks079",
            "location": "westeurope",
            "name": "kvforaks079",
            "network_acls": [
              {
                "bypass": "AzureServices",
                "default_action": "Allow",
                "ip_rules": [],
                "virtual_network_subnet_ids": []
              }
            ],
            "purge_protection_enabled": false,
            "resource_group_name": "rg-aks-cluster",
            "sku_name": "standard",
            "soft_delete_retention_days": 7,
            "tags": {
              "environment": "development",
              "source": "terraform"
            },
            "tenant_id": "558506eb-9459-4ef3-b920-ad55c555e729",
            "timeouts": null,
            "vault_uri": "https://kvforaks079.vault.azure.net/"
          },
          "sensitive_attributes": [],
          "private": "eyJlMmJmYjczMC1lY2FhLTExZTYtOGY4OC0zNDM2M2JjN2M0YzAiOnsiY3JlYXRlIjoxODAwMDAwMDAwMDAwLCJkZWxldGUiOjE4MDAwMDAwMDAwMDAsInJlYWQiOjMwMDAwMDAwMDAwMCwidXBkYXRlIjoxODAwMDAwMDAwMDAwfSwic2NoZW1hX3ZlcnNpb24iOiIyIn0=",
          "dependencies": [
            "azurerm_resource_group.rg",
            "data.azurerm_client_config.current"
          ]
        }
      ]
    },
    {
      "mode": "managed",
      "type": "azurerm_key_vault_secret",
      "name": "secret",
      "provider": "provider[\"registry.terraform.io/hashicorp/azurerm\"]",
      "instances": [
        {
          "schema_version": 0,
          "attributes": {
            "content_type": "",
            "expiration_date": null,
            "id": "https://kvforaks079.vault.azure.net/secrets/database-password/42ef57bcf6604ff58965925b38ca0f8e",
            "key_vault_id": "/subscriptions/59d574d4-1c03-4092-ab22-312ed594eec9/resourceGroups/rg-aks-cluster/providers/Microsoft.KeyVault/vaults/kvforaks079",
            "name": "database-password",
            "not_before_date": null,
            "tags": {
              "environment": "development",
              "source": "terraform"
            },
            "timeouts": null,
            "value": "@Aa123456789",
            "version": "42ef57bcf6604ff58965925b38ca0f8e",
            "versionless_id": "https://kvforaks079.vault.azure.net/secrets/database-password"
          },
          "sensitive_attributes": [],
          "private": "eyJlMmJmYjczMC1lY2FhLTExZTYtOGY4OC0zNDM2M2JjN2M0YzAiOnsiY3JlYXRlIjoxODAwMDAwMDAwMDAwLCJkZWxldGUiOjE4MDAwMDAwMDAwMDAsInJlYWQiOjMwMDAwMDAwMDAwMCwidXBkYXRlIjoxODAwMDAwMDAwMDAwfX0=",
          "dependencies": [
            "azurerm_key_vault.kv",
            "azurerm_resource_group.rg",
            "azurerm_role_assignment.role-secret-officer",
            "data.azurerm_client_config.current"
          ]
        }
      ]
    },
    {
      "mode": "managed",
      "type": "azurerm_kubernetes_cluster",
      "name": "aks",
      "provider": "provider[\"registry.terraform.io/hashicorp/azurerm\"]",
      "instances": [
        {
          "schema_version": 2,
          "attributes": {
            "aci_connector_linux": [],
            "api_server_authorized_ip_ranges": [
              "0.0.0.0/0"
            ],
            "auto_scaler_profile": [],
            "automatic_channel_upgrade": "",
            "azure_active_directory_role_based_access_control": [
              {
                "admin_group_object_ids": [
                  "5592d05f-8ad8-4454-94e6-8f5da4d91591"
                ],
                "azure_rbac_enabled": true,
                "client_app_id": "",
                "managed": true,
                "server_app_id": "",
                "server_app_secret": "",
                "tenant_id": "558506eb-9459-4ef3-b920-ad55c555e729"
              }
            ],
            "azure_policy_enabled": true,
            "default_node_pool": [
              {
                "enable_auto_scaling": false,
                "enable_host_encryption": false,
                "enable_node_public_ip": false,
                "fips_enabled": false,
                "kubelet_config": [],
                "kubelet_disk_type": "OS",
                "linux_os_config": [],
                "max_count": 0,
                "max_pods": 250,
                "min_count": 0,
                "name": "systempool",
                "node_count": 1,
                "node_labels": {},
                "node_public_ip_prefix_id": "",
                "node_taints": null,
                "only_critical_addons_enabled": true,
                "orchestrator_version": "1.23.5",
                "os_disk_size_gb": 40,
                "os_disk_type": "Managed",
                "os_sku": "Ubuntu",
                "pod_subnet_id": "/subscriptions/59d574d4-1c03-4092-ab22-312ed594eec9/resourceGroups/rg-aks-cluster/providers/Microsoft.Network/virtualNetworks/vnet-spoke-aks/subnets/subnet-aks-pods",
                "proximity_placement_group_id": "",
                "tags": {
                  "environment": "development",
                  "source": "terraform"
                },
                "type": "VirtualMachineScaleSets",
                "ultra_ssd_enabled": false,
                "upgrade_settings": [],
                "vm_size": "Standard_D2as_v5",
                "vnet_subnet_id": "/subscriptions/59d574d4-1c03-4092-ab22-312ed594eec9/resourceGroups/rg-aks-cluster/providers/Microsoft.Network/virtualNetworks/vnet-spoke-aks/subnets/subnet-aks-nodes",
                "zones": [
                  "1",
                  "2",
                  "3"
                ]
              }
            ],
            "disk_encryption_set_id": "",
            "dns_prefix": "aks",
            "dns_prefix_private_cluster": "",
            "enable_pod_security_policy": false,
            "fqdn": "aks-5faf302b.hcp.westeurope.azmk8s.io",
            "http_application_routing_enabled": false,
            "http_application_routing_zone_name": "",
            "http_proxy_config": [],
            "id": "/subscriptions/59d574d4-1c03-4092-ab22-312ed594eec9/resourceGroups/rg-aks-cluster/providers/Microsoft.ContainerService/managedClusters/aks-cluster",
            "identity": [
              {
                "identity_ids": [
                  "/subscriptions/59d574d4-1c03-4092-ab22-312ed594eec9/resourceGroups/rg-aks-cluster/providers/Microsoft.ManagedIdentity/userAssignedIdentities/identity-aks"
                ],
                "principal_id": "",
                "tenant_id": "",
                "type": "UserAssigned"
              }
            ],
            "ingress_application_gateway": [
              {
                "effective_gateway_id": "/subscriptions/59d574d4-1c03-4092-ab22-312ed594eec9/resourceGroups/rg-aks-cluster/providers/Microsoft.Network/applicationGateways/appgw-aks",
                "gateway_id": "/subscriptions/59d574d4-1c03-4092-ab22-312ed594eec9/resourceGroups/rg-aks-cluster/providers/Microsoft.Network/applicationGateways/appgw-aks",
                "gateway_name": "",
                "ingress_application_gateway_identity": [
                  {
                    "client_id": "5b4d34c4-8486-4af6-ab46-a123fa1e578a",
                    "object_id": "d5b7530b-5c9e-490e-94b4-351388891e1b",
                    "user_assigned_identity_id": "/subscriptions/59d574d4-1c03-4092-ab22-312ed594eec9/resourcegroups/rg-aks-cluster-managed/providers/Microsoft.ManagedIdentity/userAssignedIdentities/ingressapplicationgateway-aks-cluster"
                  }
                ],
                "subnet_cidr": "",
                "subnet_id": ""
              }
            ],
            "key_vault_secrets_provider": [
              {
                "secret_identity": [
                  {
                    "client_id": "08818a07-1a70-42da-acdb-4e870c1ea545",
                    "object_id": "a5a637fe-b56e-4381-aa69-77dff243859f",
                    "user_assigned_identity_id": "/subscriptions/59d574d4-1c03-4092-ab22-312ed594eec9/resourcegroups/rg-aks-cluster-managed/providers/Microsoft.ManagedIdentity/userAssignedIdentities/azurekeyvaultsecretsprovider-aks-cluster"
                  }
                ],
                "secret_rotation_enabled": true,
                "secret_rotation_interval": "2m"
              }
            ],
            "kube_admin_config": [],
            "kube_admin_config_raw": "",
            "kube_config": [
              {
                "client_certificate": "",
                "client_key": "",
                "cluster_ca_certificate": "LS0tLS1CRUdJTiBDRVJUSUZJQ0FURS0tLS0tCk1JSUU2VENDQXRHZ0F3SUJBZ0lSQU5LdzN2d3Qxc1V5dDAxRXJMSEIvckF3RFFZSktvWklodmNOQVFFTEJRQXcKRFRFTE1Ba0dBMVVFQXhNQ1kyRXdJQmNOTWpJd05qRXlNRGN6TXpRNVdoZ1BNakExTWpBMk1USXdOelF6TkRsYQpNQTB4Q3pBSkJnTlZCQU1UQW1OaE1JSUNJakFOQmdrcWhraUc5dzBCQVFFRkFBT0NBZzhBTUlJQ0NnS0NBZ0VBCnRDakpYU3U5MFh3bkg4eHpwVTBjVlhXMm1RNkF6QjBMTXdpSmpFNDRGKytGbk42NjRDRS9YMUxrMW15NHFkUEgKS3ZFenFLQkIvRXJvbU8yUVJlWlBNRXhHMnIvSVRqNGFENGQ1Qll3OGpGaFYyTzJkR1dwdE9veDBIT1d3bGx3ZQplckJneHlKaFVUY3dvbng5eW9tY09UUmNJdmQ1SGFJY1h6a0tJMkJWSzFRTmhUdlZWVUtnckhPV2w3YzhWOUNMCkN3MmhwdXBiNSt6NXhCWCtvM2wyS2RGSXJWYUh2bHFrWld0SWNNUTlYTkZQSk5KbjFxeTJnMjBDTXRaUGhveGYKdUZTL1ppWW1Dd0xINmZXdytnbEg2NXAxeVpiVXo1T1o4YS9BV01RWllwKzRpeHhUT3pRS1ZnZmd3MTdxTVdmZwpSTTZiSE40eFE4MG54NXNLZFNhc1puRlk5ME8zMTRlYjRHVEFEbFJ3cnJ6T1dPNVQ0d2cvQVpNNVNzRkk1V3hzCkhrSHZvdHgxZ1lnOXB3NXN4Rm9jcUtmUG9vRTdkT3ppV1VmL3M1a3JSQzNTVEQ5YnU5NjUwVCtVWnhQeG1pUmQKTlRsbXlWaXp2dEJES2doNFNRNGRRajA2K2VYYzJNVzBFWHRkcFFMclg1T2xzNytST2pOdVpIYSt6UDR6bFlNNQp5MkZ2UGxZRlZCTWFXa0FGNlBNeUpCK2ltNEU4aTBCYlp0R3dnby9NRThBTWN4T1N3STc1YjRjWjNtMUg3a0ppCkd0ZTloSnNBZEovUWMrc3VETjhBNTdVZFZVODU5NHZXeUdORGxvUGpHWlkvWWtNQ3Nvd2RuY1hicEhwSlJGSTUKWGRlb2dkcnpueUtRWVBmRGlHWGtONkZ2UUdFYWZlZEhIYTdJaWlxQkVYTUNBd0VBQWFOQ01FQXdEZ1lEVlIwUApBUUgvQkFRREFnS2tNQThHQTFVZEV3RUIvd1FGTUFNQkFmOHdIUVlEVlIwT0JCWUVGQ1hCcEE5aGorMjFoZ0FNCjdaUyszMEJGTVpieE1BMEdDU3FHU0liM0RRRUJDd1VBQTRJQ0FRQjBNR3RKODllN1FmRGgwRmVBNnBPRCs0aloKTjJPYW0ycmQ3SDV6Mm1BWUdmb1hHV3BEVW1LUVdYUi9zejFLdUJVNHR1dFJaVHRMN09aa0RDTnl3cm8xT0dYZwp2QkRwTDBqQmlydkNCankzY3h2MkE5NUsxdlB1UTE3SWE4bURnaGRYb3pYcTNyaEU4WlVkaU9SMW1LMWxmbVNyCjNOUWpHam1xMCsrTURkaThwSHJaQ2VhbnFPWEc0Q0FFaWFsamY2di9sNVBsK01seGs5MzJzZHlucWovRUxsNUMKYUFZbmgwMHV3WEpSRnBFSUsrTGV2RUl6T1lEMFZwaDNrOEl5cVZqSGdqQlVTUDZ0WWh1R2lKSUgwY3VFb1F4TApmcDJHQmU0c0dveWVzTDdYUklYYTJRTUhhL0ZKbnVHaVV5M1JtS2sxNUVHU2UwdXZRSWRVTTRGTEgrTkpxbkZ1ClhtZ3cvOUoxUUpvVEpKR2JlekFxVkdTdU5TSFFTOVRPcXR2ZUVIL3FLSXFvdWxqN0Zzemh4dkdNeUhCYlk3a1kKb2VLZER4Z0xaM3l3cGdsd2x2NjdRQVVFUVk1Yy9oS0x3SWdYaWlQRGVFUlBiTHdMUG9HdDMvOTNtTlJhYUNyLwp1MjhnZkVYTkxiMEJ4ZENHRGNEU1dLRDBic2hxVnozNklkakRtalRQbDhBSFZVMVhFc1VtNHJNN2N0Smd4Ylh1CnR0TlJoZmg3dHllUGhOeGZ2YVdmWkFJVFlEVWJURGxlY2I1Z1hQUFdiRU9VRGNzRUZrMzQvWHg3OER5d1UrSUQKbXBWRTRrREk4Rnh0WHp5eFNtNFpsWkplRCtQbjg4U1d0OHpBOW91UVF4dGhLWFkzKzlYN2FVRzJGT0NXMjVINQpkaWxrd3p2YjlxSW1VK2RsVUE9PQotLS0tLUVORCBDRVJUSUZJQ0FURS0tLS0tCg==",
                "host": "https://aks-5faf302b.hcp.westeurope.azmk8s.io:443",
                "password": "",
                "username": "clusterUser_rg-aks-cluster_aks-cluster"
              }
            ],
            "kube_config_raw": "apiVersion: v1\nclusters:\n- cluster:\n    certificate-authority-data: LS0tLS1CRUdJTiBDRVJUSUZJQ0FURS0tLS0tCk1JSUU2VENDQXRHZ0F3SUJBZ0lSQU5LdzN2d3Qxc1V5dDAxRXJMSEIvckF3RFFZSktvWklodmNOQVFFTEJRQXcKRFRFTE1Ba0dBMVVFQXhNQ1kyRXdJQmNOTWpJd05qRXlNRGN6TXpRNVdoZ1BNakExTWpBMk1USXdOelF6TkRsYQpNQTB4Q3pBSkJnTlZCQU1UQW1OaE1JSUNJakFOQmdrcWhraUc5dzBCQVFFRkFBT0NBZzhBTUlJQ0NnS0NBZ0VBCnRDakpYU3U5MFh3bkg4eHpwVTBjVlhXMm1RNkF6QjBMTXdpSmpFNDRGKytGbk42NjRDRS9YMUxrMW15NHFkUEgKS3ZFenFLQkIvRXJvbU8yUVJlWlBNRXhHMnIvSVRqNGFENGQ1Qll3OGpGaFYyTzJkR1dwdE9veDBIT1d3bGx3ZQplckJneHlKaFVUY3dvbng5eW9tY09UUmNJdmQ1SGFJY1h6a0tJMkJWSzFRTmhUdlZWVUtnckhPV2w3YzhWOUNMCkN3MmhwdXBiNSt6NXhCWCtvM2wyS2RGSXJWYUh2bHFrWld0SWNNUTlYTkZQSk5KbjFxeTJnMjBDTXRaUGhveGYKdUZTL1ppWW1Dd0xINmZXdytnbEg2NXAxeVpiVXo1T1o4YS9BV01RWllwKzRpeHhUT3pRS1ZnZmd3MTdxTVdmZwpSTTZiSE40eFE4MG54NXNLZFNhc1puRlk5ME8zMTRlYjRHVEFEbFJ3cnJ6T1dPNVQ0d2cvQVpNNVNzRkk1V3hzCkhrSHZvdHgxZ1lnOXB3NXN4Rm9jcUtmUG9vRTdkT3ppV1VmL3M1a3JSQzNTVEQ5YnU5NjUwVCtVWnhQeG1pUmQKTlRsbXlWaXp2dEJES2doNFNRNGRRajA2K2VYYzJNVzBFWHRkcFFMclg1T2xzNytST2pOdVpIYSt6UDR6bFlNNQp5MkZ2UGxZRlZCTWFXa0FGNlBNeUpCK2ltNEU4aTBCYlp0R3dnby9NRThBTWN4T1N3STc1YjRjWjNtMUg3a0ppCkd0ZTloSnNBZEovUWMrc3VETjhBNTdVZFZVODU5NHZXeUdORGxvUGpHWlkvWWtNQ3Nvd2RuY1hicEhwSlJGSTUKWGRlb2dkcnpueUtRWVBmRGlHWGtONkZ2UUdFYWZlZEhIYTdJaWlxQkVYTUNBd0VBQWFOQ01FQXdEZ1lEVlIwUApBUUgvQkFRREFnS2tNQThHQTFVZEV3RUIvd1FGTUFNQkFmOHdIUVlEVlIwT0JCWUVGQ1hCcEE5aGorMjFoZ0FNCjdaUyszMEJGTVpieE1BMEdDU3FHU0liM0RRRUJDd1VBQTRJQ0FRQjBNR3RKODllN1FmRGgwRmVBNnBPRCs0aloKTjJPYW0ycmQ3SDV6Mm1BWUdmb1hHV3BEVW1LUVdYUi9zejFLdUJVNHR1dFJaVHRMN09aa0RDTnl3cm8xT0dYZwp2QkRwTDBqQmlydkNCankzY3h2MkE5NUsxdlB1UTE3SWE4bURnaGRYb3pYcTNyaEU4WlVkaU9SMW1LMWxmbVNyCjNOUWpHam1xMCsrTURkaThwSHJaQ2VhbnFPWEc0Q0FFaWFsamY2di9sNVBsK01seGs5MzJzZHlucWovRUxsNUMKYUFZbmgwMHV3WEpSRnBFSUsrTGV2RUl6T1lEMFZwaDNrOEl5cVZqSGdqQlVTUDZ0WWh1R2lKSUgwY3VFb1F4TApmcDJHQmU0c0dveWVzTDdYUklYYTJRTUhhL0ZKbnVHaVV5M1JtS2sxNUVHU2UwdXZRSWRVTTRGTEgrTkpxbkZ1ClhtZ3cvOUoxUUpvVEpKR2JlekFxVkdTdU5TSFFTOVRPcXR2ZUVIL3FLSXFvdWxqN0Zzemh4dkdNeUhCYlk3a1kKb2VLZER4Z0xaM3l3cGdsd2x2NjdRQVVFUVk1Yy9oS0x3SWdYaWlQRGVFUlBiTHdMUG9HdDMvOTNtTlJhYUNyLwp1MjhnZkVYTkxiMEJ4ZENHRGNEU1dLRDBic2hxVnozNklkakRtalRQbDhBSFZVMVhFc1VtNHJNN2N0Smd4Ylh1CnR0TlJoZmg3dHllUGhOeGZ2YVdmWkFJVFlEVWJURGxlY2I1Z1hQUFdiRU9VRGNzRUZrMzQvWHg3OER5d1UrSUQKbXBWRTRrREk4Rnh0WHp5eFNtNFpsWkplRCtQbjg4U1d0OHpBOW91UVF4dGhLWFkzKzlYN2FVRzJGT0NXMjVINQpkaWxrd3p2YjlxSW1VK2RsVUE9PQotLS0tLUVORCBDRVJUSUZJQ0FURS0tLS0tCg==\n    server: https://aks-5faf302b.hcp.westeurope.azmk8s.io:443\n  name: aks-cluster\ncontexts:\n- context:\n    cluster: aks-cluster\n    user: clusterUser_rg-aks-cluster_aks-cluster\n  name: aks-cluster\ncurrent-context: aks-cluster\nkind: Config\npreferences: {}\nusers:\n- name: clusterUser_rg-aks-cluster_aks-cluster\n  user:\n    auth-provider:\n      config:\n        apiserver-id: 6dae42f8-4368-4678-94ff-3960e28e3630\n        client-id: 80faf920-1908-4b52-b5ef-a8e7bedfc67a\n        config-mode: \"1\"\n        environment: AzurePublicCloud\n        tenant-id: 558506eb-9459-4ef3-b920-ad55c555e729\n      name: azure\n",
            "kubelet_identity": [
              {
                "client_id": "5276682a-e789-4530-bf52-920fe12a1181",
                "object_id": "4b83b432-9e9a-4d1c-bfef-0529ce29822a",
                "user_assigned_identity_id": "/subscriptions/59d574d4-1c03-4092-ab22-312ed594eec9/resourceGroups/rg-aks-cluster/providers/Microsoft.ManagedIdentity/userAssignedIdentities/aks-cluster-agentpool"
              }
            ],
            "kubernetes_version": "1.23.5",
            "linux_profile": [],
            "local_account_disabled": true,
            "location": "westeurope",
            "maintenance_window": [
              {
                "allowed": [
                  {
                    "day": "Saturday",
                    "hours": [
                      2,
                      8
                    ]
                  }
                ],
                "not_allowed": []
              }
            ],
            "microsoft_defender": [],
            "name": "aks-cluster",
            "network_profile": [
              {
                "dns_service_ip": "10.0.0.10",
                "docker_bridge_cidr": "172.17.0.1/16",
                "ip_versions": [
                  "IPv4"
                ],
                "load_balancer_profile": [
                  {
                    "effective_outbound_ips": [
                      "/subscriptions/59d574d4-1c03-4092-ab22-312ed594eec9/resourceGroups/rg-aks-cluster-managed/providers/Microsoft.Network/publicIPAddresses/1968b21e-1355-49b0-bcb4-9b1bafe15bc4"
                    ],
                    "idle_timeout_in_minutes": 0,
                    "managed_outbound_ip_count": 1,
                    "outbound_ip_address_ids": [],
                    "outbound_ip_prefix_ids": [],
                    "outbound_ports_allocated": 0
                  }
                ],
                "load_balancer_sku": "standard",
                "nat_gateway_profile": [],
                "network_mode": "",
                "network_plugin": "azure",
                "network_policy": "calico",
                "outbound_type": "loadBalancer",
                "pod_cidr": "",
                "service_cidr": "10.0.0.0/16"
              }
            ],
            "node_resource_group": "rg-aks-cluster-managed",
            "oidc_issuer_enabled": true,
            "oidc_issuer_url": "https://oidc.prod-aks.azure.com/e527c986-7c92-4b04-a890-b520fa232a88/",
            "oms_agent": [],
            "open_service_mesh_enabled": true,
            "portal_fqdn": "aks-5faf302b.portal.hcp.westeurope.azmk8s.io",
            "private_cluster_enabled": false,
            "private_cluster_public_fqdn_enabled": false,
            "private_dns_zone_id": "",
            "private_fqdn": "",
            "public_network_access_enabled": true,
            "resource_group_name": "rg-aks-cluster",
            "role_based_access_control_enabled": true,
            "run_command_enabled": true,
            "service_principal": [],
            "sku_tier": "Free",
            "tags": {
              "environment": "development",
              "source": "terraform"
            },
            "timeouts": null,
            "windows_profile": [
              {
                "admin_password": "",
                "admin_username": "azureuser",
                "license": ""
              }
            ]
          },
          "sensitive_attributes": [],
          "private": "eyJlMmJmYjczMC1lY2FhLTExZTYtOGY4OC0zNDM2M2JjN2M0YzAiOnsiY3JlYXRlIjo1NDAwMDAwMDAwMDAwLCJkZWxldGUiOjU0MDAwMDAwMDAwMDAsInJlYWQiOjMwMDAwMDAwMDAwMCwidXBkYXRlIjo1NDAwMDAwMDAwMDAwfSwic2NoZW1hX3ZlcnNpb24iOiIyIn0=",
          "dependencies": [
            "azuread_application.app",
            "azuread_group.aks_admins",
            "azuread_service_principal.spn",
            "azurerm_application_gateway.appgw",
            "azurerm_public_ip.pip",
            "azurerm_resource_group.rg",
            "azurerm_subnet.subnetappgw",
            "azurerm_subnet.subnetnodes",
            "azurerm_subnet.subnetpods",
            "azurerm_user_assigned_identity.identity-aks",
            "azurerm_user_assigned_identity.identity-kubelet",
            "azurerm_virtual_network.vnet",
            "data.azuread_client_config.current",
            "data.azurerm_subscription.current"
          ],
          "create_before_destroy": true
        }
      ]
    },
    {
      "mode": "managed",
      "type": "azurerm_kubernetes_cluster_node_pool",
      "name": "appspool",
      "provider": "provider[\"registry.terraform.io/hashicorp/azurerm\"]",
      "instances": [
        {
          "schema_version": 1,
          "attributes": {
            "enable_auto_scaling": true,
            "enable_host_encryption": false,
            "enable_node_public_ip": false,
            "eviction_policy": "",
            "fips_enabled": false,
            "id": "/subscriptions/59d574d4-1c03-4092-ab22-312ed594eec9/resourceGroups/rg-aks-cluster/providers/Microsoft.ContainerService/managedClusters/aks-cluster/agentPools/appspool",
            "kubelet_config": [],
            "kubelet_disk_type": "OS",
            "kubernetes_cluster_id": "/subscriptions/59d574d4-1c03-4092-ab22-312ed594eec9/resourceGroups/rg-aks-cluster/providers/Microsoft.ContainerService/managedClusters/aks-cluster",
            "linux_os_config": [],
            "max_count": 2,
            "max_pods": 110,
            "min_count": 1,
            "mode": "User",
            "name": "appspool",
            "node_count": 1,
            "node_labels": {},
            "node_public_ip_prefix_id": "",
            "node_taints": null,
            "orchestrator_version": "1.23.5",
            "os_disk_size_gb": 60,
            "os_disk_type": "Managed",
            "os_sku": "Ubuntu",
            "os_type": "Linux",
            "pod_subnet_id": "/subscriptions/59d574d4-1c03-4092-ab22-312ed594eec9/resourceGroups/rg-aks-cluster/providers/Microsoft.Network/virtualNetworks/vnet-spoke-aks/subnets/subnet-aks-pods",
            "priority": "Regular",
            "proximity_placement_group_id": "",
            "scale_down_mode": "Delete",
            "spot_max_price": -1,
            "tags": {
              "environment": "development",
              "source": "terraform"
            },
            "timeouts": null,
            "ultra_ssd_enabled": false,
            "upgrade_settings": [
              {
                "max_surge": "1"
              }
            ],
            "vm_size": "Standard_D2as_v5",
            "vnet_subnet_id": "/subscriptions/59d574d4-1c03-4092-ab22-312ed594eec9/resourceGroups/rg-aks-cluster/providers/Microsoft.Network/virtualNetworks/vnet-spoke-aks/subnets/subnet-aks-nodes",
            "workload_runtime": "",
            "zones": [
              "1",
              "2",
              "3"
            ]
          },
          "sensitive_attributes": [],
          "private": "eyJlMmJmYjczMC1lY2FhLTExZTYtOGY4OC0zNDM2M2JjN2M0YzAiOnsiY3JlYXRlIjozNjAwMDAwMDAwMDAwLCJkZWxldGUiOjM2MDAwMDAwMDAwMDAsInJlYWQiOjMwMDAwMDAwMDAwMCwidXBkYXRlIjozNjAwMDAwMDAwMDAwfSwic2NoZW1hX3ZlcnNpb24iOiIxIn0=",
          "dependencies": [
            "azuread_application.app",
            "azuread_group.aks_admins",
            "azuread_service_principal.spn",
            "azurerm_application_gateway.appgw",
            "azurerm_kubernetes_cluster.aks",
            "azurerm_public_ip.pip",
            "azurerm_resource_group.rg",
            "azurerm_subnet.subnetappgw",
            "azurerm_subnet.subnetnodes",
            "azurerm_subnet.subnetpods",
            "azurerm_user_assigned_identity.identity-aks",
            "azurerm_user_assigned_identity.identity-kubelet",
            "azurerm_virtual_network.vnet",
            "data.azuread_client_config.current",
            "data.azurerm_subscription.current"
          ]
        }
      ]
    },
    {
      "mode": "managed",
      "type": "azurerm_public_ip",
      "name": "pip",
      "provider": "provider[\"registry.terraform.io/hashicorp/azurerm\"]",
      "instances": [
        {
          "schema_version": 0,
          "attributes": {
            "allocation_method": "Static",
            "domain_name_label": null,
            "edge_zone": "",
            "fqdn": null,
            "id": "/subscriptions/59d574d4-1c03-4092-ab22-312ed594eec9/resourceGroups/rg-aks-cluster/providers/Microsoft.Network/publicIPAddresses/publicIp-appgw",
            "idle_timeout_in_minutes": 4,
            "ip_address": "213.199.134.55",
            "ip_tags": null,
            "ip_version": "IPv4",
            "location": "westeurope",
            "name": "publicIp-appgw",
            "public_ip_prefix_id": null,
            "resource_group_name": "rg-aks-cluster",
            "reverse_fqdn": null,
            "sku": "Standard",
            "sku_tier": "Regional",
            "tags": {
              "environment": "development",
              "source": "terraform"
            },
            "timeouts": null,
            "zones": null
          },
          "sensitive_attributes": [],
          "private": "eyJlMmJmYjczMC1lY2FhLTExZTYtOGY4OC0zNDM2M2JjN2M0YzAiOnsiY3JlYXRlIjoxODAwMDAwMDAwMDAwLCJkZWxldGUiOjE4MDAwMDAwMDAwMDAsInJlYWQiOjMwMDAwMDAwMDAwMCwidXBkYXRlIjoxODAwMDAwMDAwMDAwfX0=",
          "dependencies": [
            "azurerm_resource_group.rg"
          ],
          "create_before_destroy": true
        }
      ]
    },
    {
      "mode": "managed",
      "type": "azurerm_resource_group",
      "name": "rg",
      "provider": "provider[\"registry.terraform.io/hashicorp/azurerm\"]",
      "instances": [
        {
          "schema_version": 0,
          "attributes": {
            "id": "/subscriptions/59d574d4-1c03-4092-ab22-312ed594eec9/resourceGroups/rg-aks-cluster",
            "location": "westeurope",
            "name": "rg-aks-cluster",
            "tags": null,
            "timeouts": null
          },
          "sensitive_attributes": [],
          "private": "eyJlMmJmYjczMC1lY2FhLTExZTYtOGY4OC0zNDM2M2JjN2M0YzAiOnsiY3JlYXRlIjo1NDAwMDAwMDAwMDAwLCJkZWxldGUiOjU0MDAwMDAwMDAwMDAsInJlYWQiOjMwMDAwMDAwMDAwMCwidXBkYXRlIjo1NDAwMDAwMDAwMDAwfX0=",
          "create_before_destroy": true
        }
      ]
    },
    {
      "mode": "managed",
      "type": "azurerm_role_assignment",
      "name": "aks_mi_contributor_aks_rg",
      "provider": "provider[\"registry.terraform.io/hashicorp/azurerm\"]",
      "instances": [
        {
          "schema_version": 0,
          "attributes": {
            "condition": "",
            "condition_version": "",
            "delegated_managed_identity_resource_id": "",
            "description": "",
            "id": "/subscriptions/59d574d4-1c03-4092-ab22-312ed594eec9/resourceGroups/rg-aks-cluster/providers/Microsoft.Authorization/roleAssignments/cce16886-3d7b-e65f-8ae1-0b07eade6d28",
            "name": "cce16886-3d7b-e65f-8ae1-0b07eade6d28",
            "principal_id": "c00ef302-ede4-4b59-bddc-808f645ea34b",
            "principal_type": "ServicePrincipal",
            "role_definition_id": "/subscriptions/59d574d4-1c03-4092-ab22-312ed594eec9/providers/Microsoft.Authorization/roleDefinitions/b24988ac-6180-42a0-ab88-20f7382dd24c",
            "role_definition_name": "Contributor",
            "scope": "/subscriptions/59d574d4-1c03-4092-ab22-312ed594eec9/resourceGroups/rg-aks-cluster",
            "skip_service_principal_aad_check": true,
            "timeouts": null
          },
          "sensitive_attributes": [],
          "private": "eyJlMmJmYjczMC1lY2FhLTExZTYtOGY4OC0zNDM2M2JjN2M0YzAiOnsiY3JlYXRlIjoxODAwMDAwMDAwMDAwLCJkZWxldGUiOjE4MDAwMDAwMDAwMDAsInJlYWQiOjMwMDAwMDAwMDAwMCwidXBkYXRlIjoxODAwMDAwMDAwMDAwfX0=",
          "dependencies": [
            "azurerm_resource_group.rg",
            "azurerm_user_assigned_identity.identity-aks"
          ]
        }
      ]
    },
    {
      "mode": "managed",
      "type": "azurerm_role_assignment",
      "name": "aks_mi_network_contributor",
      "provider": "provider[\"registry.terraform.io/hashicorp/azurerm\"]",
      "instances": [
        {
          "schema_version": 0,
          "attributes": {
            "condition": "",
            "condition_version": "",
            "delegated_managed_identity_resource_id": "",
            "description": "",
            "id": "/subscriptions/59d574d4-1c03-4092-ab22-312ed594eec9/resourceGroups/rg-aks-cluster/providers/Microsoft.Network/virtualNetworks/vnet-spoke-aks/providers/Microsoft.Authorization/roleAssignments/0ec62a8b-b1b0-57e1-4d61-accdcbae8f4f",
            "name": "0ec62a8b-b1b0-57e1-4d61-accdcbae8f4f",
            "principal_id": "c00ef302-ede4-4b59-bddc-808f645ea34b",
            "principal_type": "ServicePrincipal",
            "role_definition_id": "/subscriptions/59d574d4-1c03-4092-ab22-312ed594eec9/providers/Microsoft.Authorization/roleDefinitions/4d97b98b-1d4f-4787-a291-c67834d212e7",
            "role_definition_name": "Network Contributor",
            "scope": "/subscriptions/59d574d4-1c03-4092-ab22-312ed594eec9/resourceGroups/rg-aks-cluster/providers/Microsoft.Network/virtualNetworks/vnet-spoke-aks",
            "skip_service_principal_aad_check": true,
            "timeouts": null
          },
          "sensitive_attributes": [],
          "private": "eyJlMmJmYjczMC1lY2FhLTExZTYtOGY4OC0zNDM2M2JjN2M0YzAiOnsiY3JlYXRlIjoxODAwMDAwMDAwMDAwLCJkZWxldGUiOjE4MDAwMDAwMDAwMDAsInJlYWQiOjMwMDAwMDAwMDAwMCwidXBkYXRlIjoxODAwMDAwMDAwMDAwfX0=",
          "dependencies": [
            "azurerm_resource_group.rg",
            "azurerm_user_assigned_identity.identity-aks",
            "azurerm_virtual_network.vnet"
          ]
        }
      ]
    },
    {
      "mode": "managed",
      "type": "azurerm_role_assignment",
      "name": "aks_mi_operator",
      "provider": "provider[\"registry.terraform.io/hashicorp/azurerm\"]",
      "instances": [
        {
          "schema_version": 0,
          "attributes": {
            "condition": "",
            "condition_version": "",
            "delegated_managed_identity_resource_id": "",
            "description": "",
            "id": "/subscriptions/59d574d4-1c03-4092-ab22-312ed594eec9/resourceGroups/rg-aks-cluster/providers/Microsoft.ManagedIdentity/userAssignedIdentities/aks-cluster-agentpool/providers/Microsoft.Authorization/roleAssignments/a8795969-6a89-247d-3627-0109b45c7afc",
            "name": "a8795969-6a89-247d-3627-0109b45c7afc",
            "principal_id": "c00ef302-ede4-4b59-bddc-808f645ea34b",
            "principal_type": "ServicePrincipal",
            "role_definition_id": "/subscriptions/59d574d4-1c03-4092-ab22-312ed594eec9/providers/Microsoft.Authorization/roleDefinitions/f1a07417-d97a-45cb-824c-7a7467783830",
            "role_definition_name": "Managed Identity Operator",
            "scope": "/subscriptions/59d574d4-1c03-4092-ab22-312ed594eec9/resourceGroups/rg-aks-cluster/providers/Microsoft.ManagedIdentity/userAssignedIdentities/aks-cluster-agentpool",
            "skip_service_principal_aad_check": true,
            "timeouts": null
          },
          "sensitive_attributes": [],
          "private": "eyJlMmJmYjczMC1lY2FhLTExZTYtOGY4OC0zNDM2M2JjN2M0YzAiOnsiY3JlYXRlIjoxODAwMDAwMDAwMDAwLCJkZWxldGUiOjE4MDAwMDAwMDAwMDAsInJlYWQiOjMwMDAwMDAwMDAwMCwidXBkYXRlIjoxODAwMDAwMDAwMDAwfX0=",
          "dependencies": [
            "azurerm_resource_group.rg",
            "azurerm_user_assigned_identity.identity-aks",
            "azurerm_user_assigned_identity.identity-kubelet"
          ]
        }
      ]
    },
    {
      "mode": "managed",
      "type": "azurerm_role_assignment",
      "name": "role-contributor",
      "provider": "provider[\"registry.terraform.io/hashicorp/azurerm\"]",
      "instances": [
        {
          "schema_version": 0,
          "attributes": {
            "condition": "",
            "condition_version": "",
            "delegated_managed_identity_resource_id": "",
            "description": "",
            "id": "/subscriptions/59d574d4-1c03-4092-ab22-312ed594eec9/resourceGroups/rg-aks-cluster/providers/Microsoft.Authorization/roleAssignments/64b0b2d1-20c3-bc0a-f422-55c0082388ee",
            "name": "64b0b2d1-20c3-bc0a-f422-55c0082388ee",
            "principal_id": "d5b7530b-5c9e-490e-94b4-351388891e1b",
            "principal_type": "ServicePrincipal",
            "role_definition_id": "/subscriptions/59d574d4-1c03-4092-ab22-312ed594eec9/providers/Microsoft.Authorization/roleDefinitions/b24988ac-6180-42a0-ab88-20f7382dd24c",
            "role_definition_name": "Contributor",
            "scope": "/subscriptions/59d574d4-1c03-4092-ab22-312ed594eec9/resourceGroups/rg-aks-cluster",
            "skip_service_principal_aad_check": null,
            "timeouts": null
          },
          "sensitive_attributes": [],
          "private": "eyJlMmJmYjczMC1lY2FhLTExZTYtOGY4OC0zNDM2M2JjN2M0YzAiOnsiY3JlYXRlIjoxODAwMDAwMDAwMDAwLCJkZWxldGUiOjE4MDAwMDAwMDAwMDAsInJlYWQiOjMwMDAwMDAwMDAwMCwidXBkYXRlIjoxODAwMDAwMDAwMDAwfX0=",
          "dependencies": [
            "azuread_application.app",
            "azuread_group.aks_admins",
            "azuread_service_principal.spn",
            "azurerm_application_gateway.appgw",
            "azurerm_kubernetes_cluster.aks",
            "azurerm_public_ip.pip",
            "azurerm_resource_group.rg",
            "azurerm_subnet.subnetappgw",
            "azurerm_subnet.subnetnodes",
            "azurerm_subnet.subnetpods",
            "azurerm_user_assigned_identity.identity-aks",
            "azurerm_user_assigned_identity.identity-kubelet",
            "azurerm_virtual_network.vnet",
            "data.azuread_client_config.current",
            "data.azurerm_subscription.current"
          ]
        }
      ]
    },
    {
      "mode": "managed",
      "type": "azurerm_role_assignment",
      "name": "role-secret-officer",
      "provider": "provider[\"registry.terraform.io/hashicorp/azurerm\"]",
      "instances": [
        {
          "schema_version": 0,
          "attributes": {
            "condition": "",
            "condition_version": "",
            "delegated_managed_identity_resource_id": "",
            "description": "",
            "id": "/subscriptions/59d574d4-1c03-4092-ab22-312ed594eec9/resourceGroups/rg-aks-cluster/providers/Microsoft.KeyVault/vaults/kvforaks079/providers/Microsoft.Authorization/roleAssignments/3821a71a-7984-1e8e-a3cf-c23a8f54034a",
            "name": "3821a71a-7984-1e8e-a3cf-c23a8f54034a",
            "principal_id": "f97fc9ba-ebda-439e-825a-0e25801cb32c",
            "principal_type": "User",
            "role_definition_id": "/subscriptions/59d574d4-1c03-4092-ab22-312ed594eec9/providers/Microsoft.Authorization/roleDefinitions/b86a8fe4-44ce-4948-aee5-eccb2c155cd7",
            "role_definition_name": "Key Vault Secrets Officer",
            "scope": "/subscriptions/59d574d4-1c03-4092-ab22-312ed594eec9/resourceGroups/rg-aks-cluster/providers/Microsoft.KeyVault/vaults/kvforaks079",
            "skip_service_principal_aad_check": null,
            "timeouts": null
          },
          "sensitive_attributes": [],
          "private": "eyJlMmJmYjczMC1lY2FhLTExZTYtOGY4OC0zNDM2M2JjN2M0YzAiOnsiY3JlYXRlIjoxODAwMDAwMDAwMDAwLCJkZWxldGUiOjE4MDAwMDAwMDAwMDAsInJlYWQiOjMwMDAwMDAwMDAwMCwidXBkYXRlIjoxODAwMDAwMDAwMDAwfX0=",
          "dependencies": [
            "azurerm_key_vault.kv",
            "azurerm_resource_group.rg",
            "data.azurerm_client_config.current"
          ]
        }
      ]
    },
    {
      "mode": "managed",
      "type": "azurerm_role_assignment",
      "name": "role-secret-user",
      "provider": "provider[\"registry.terraform.io/hashicorp/azurerm\"]",
      "instances": [
        {
          "schema_version": 0,
          "attributes": {
            "condition": "",
            "condition_version": "",
            "delegated_managed_identity_resource_id": "",
            "description": "",
            "id": "/subscriptions/59d574d4-1c03-4092-ab22-312ed594eec9/resourceGroups/rg-aks-cluster/providers/Microsoft.KeyVault/vaults/kvforaks079/secrets/database-password/providers/Microsoft.Authorization/roleAssignments/1ca8f82a-54b5-8786-cf98-381f26a61b9e",
            "name": "1ca8f82a-54b5-8786-cf98-381f26a61b9e",
            "principal_id": "a5a637fe-b56e-4381-aa69-77dff243859f",
            "principal_type": "ServicePrincipal",
            "role_definition_id": "/subscriptions/59d574d4-1c03-4092-ab22-312ed594eec9/providers/Microsoft.Authorization/roleDefinitions/4633458b-17de-408a-b874-0445c86b69e6",
            "role_definition_name": "Key Vault Secrets User",
            "scope": "/subscriptions/59d574d4-1c03-4092-ab22-312ed594eec9/resourceGroups/rg-aks-cluster/providers/Microsoft.KeyVault/vaults/kvforaks079/secrets/database-password",
            "skip_service_principal_aad_check": null,
            "timeouts": null
          },
          "sensitive_attributes": [],
          "private": "eyJlMmJmYjczMC1lY2FhLTExZTYtOGY4OC0zNDM2M2JjN2M0YzAiOnsiY3JlYXRlIjoxODAwMDAwMDAwMDAwLCJkZWxldGUiOjE4MDAwMDAwMDAwMDAsInJlYWQiOjMwMDAwMDAwMDAwMCwidXBkYXRlIjoxODAwMDAwMDAwMDAwfX0=",
          "dependencies": [
            "azuread_application.app",
            "azuread_group.aks_admins",
            "azuread_service_principal.spn",
            "azurerm_application_gateway.appgw",
            "azurerm_key_vault.kv",
            "azurerm_key_vault_secret.secret",
            "azurerm_kubernetes_cluster.aks",
            "azurerm_public_ip.pip",
            "azurerm_resource_group.rg",
            "azurerm_role_assignment.role-secret-officer",
            "azurerm_subnet.subnetappgw",
            "azurerm_subnet.subnetnodes",
            "azurerm_subnet.subnetpods",
            "azurerm_user_assigned_identity.identity-aks",
            "azurerm_user_assigned_identity.identity-kubelet",
            "azurerm_virtual_network.vnet",
            "data.azuread_client_config.current",
            "data.azurerm_client_config.current",
            "data.azurerm_subscription.current"
          ]
        }
      ]
    },
    {
      "mode": "managed",
      "type": "azurerm_role_assignment",
      "name": "role_acrpull",
      "provider": "provider[\"registry.terraform.io/hashicorp/azurerm\"]",
      "instances": [
        {
          "schema_version": 0,
          "attributes": {
            "condition": "",
            "condition_version": "",
            "delegated_managed_identity_resource_id": "",
            "description": "",
            "id": "/subscriptions/59d574d4-1c03-4092-ab22-312ed594eec9/resourceGroups/rg-aks-cluster/providers/Microsoft.ContainerRegistry/registries/acrforakstf029/providers/Microsoft.Authorization/roleAssignments/d4e75f53-0f24-d8e4-aef0-269ae602d097",
            "name": "d4e75f53-0f24-d8e4-aef0-269ae602d097",
            "principal_id": "4b83b432-9e9a-4d1c-bfef-0529ce29822a",
            "principal_type": "ServicePrincipal",
            "role_definition_id": "/subscriptions/59d574d4-1c03-4092-ab22-312ed594eec9/providers/Microsoft.Authorization/roleDefinitions/7f951dda-4ed3-4680-a7ca-43fe172d538d",
            "role_definition_name": "AcrPull",
            "scope": "/subscriptions/59d574d4-1c03-4092-ab22-312ed594eec9/resourceGroups/rg-aks-cluster/providers/Microsoft.ContainerRegistry/registries/acrforakstf029",
            "skip_service_principal_aad_check": true,
            "timeouts": null
          },
          "sensitive_attributes": [],
          "private": "eyJlMmJmYjczMC1lY2FhLTExZTYtOGY4OC0zNDM2M2JjN2M0YzAiOnsiY3JlYXRlIjoxODAwMDAwMDAwMDAwLCJkZWxldGUiOjE4MDAwMDAwMDAwMDAsInJlYWQiOjMwMDAwMDAwMDAwMCwidXBkYXRlIjoxODAwMDAwMDAwMDAwfX0=",
          "dependencies": [
            "azurerm_container_registry.acr",
            "azurerm_resource_group.rg",
            "azurerm_user_assigned_identity.identity-kubelet"
          ]
        }
      ]
    },
    {
      "mode": "managed",
      "type": "azurerm_subnet",
      "name": "subnetappgw",
      "provider": "provider[\"registry.terraform.io/hashicorp/azurerm\"]",
      "instances": [
        {
          "schema_version": 0,
          "attributes": {
            "address_prefixes": [
              "10.1.0.0/16"
            ],
            "delegation": [],
            "enforce_private_link_endpoint_network_policies": false,
            "enforce_private_link_service_network_policies": false,
            "id": "/subscriptions/59d574d4-1c03-4092-ab22-312ed594eec9/resourceGroups/rg-aks-cluster/providers/Microsoft.Network/virtualNetworks/vnet-spoke-aks/subnets/subnet-appgw",
            "name": "subnet-appgw",
            "resource_group_name": "rg-aks-cluster",
            "service_endpoint_policy_ids": null,
            "service_endpoints": null,
            "timeouts": null,
            "virtual_network_name": "vnet-spoke-aks"
          },
          "sensitive_attributes": [],
          "private": "eyJlMmJmYjczMC1lY2FhLTExZTYtOGY4OC0zNDM2M2JjN2M0YzAiOnsiY3JlYXRlIjoxODAwMDAwMDAwMDAwLCJkZWxldGUiOjE4MDAwMDAwMDAwMDAsInJlYWQiOjMwMDAwMDAwMDAwMCwidXBkYXRlIjoxODAwMDAwMDAwMDAwfX0=",
          "dependencies": [
            "azurerm_resource_group.rg",
            "azurerm_virtual_network.vnet"
          ],
          "create_before_destroy": true
        }
      ]
    },
    {
      "mode": "managed",
      "type": "azurerm_subnet",
      "name": "subnetnodes",
      "provider": "provider[\"registry.terraform.io/hashicorp/azurerm\"]",
      "instances": [
        {
          "schema_version": 0,
          "attributes": {
            "address_prefixes": [
              "10.241.0.0/16"
            ],
            "delegation": [],
            "enforce_private_link_endpoint_network_policies": false,
            "enforce_private_link_service_network_policies": false,
            "id": "/subscriptions/59d574d4-1c03-4092-ab22-312ed594eec9/resourceGroups/rg-aks-cluster/providers/Microsoft.Network/virtualNetworks/vnet-spoke-aks/subnets/subnet-aks-nodes",
            "name": "subnet-aks-nodes",
            "resource_group_name": "rg-aks-cluster",
            "service_endpoint_policy_ids": null,
            "service_endpoints": null,
            "timeouts": null,
            "virtual_network_name": "vnet-spoke-aks"
          },
          "sensitive_attributes": [],
          "private": "eyJlMmJmYjczMC1lY2FhLTExZTYtOGY4OC0zNDM2M2JjN2M0YzAiOnsiY3JlYXRlIjoxODAwMDAwMDAwMDAwLCJkZWxldGUiOjE4MDAwMDAwMDAwMDAsInJlYWQiOjMwMDAwMDAwMDAwMCwidXBkYXRlIjoxODAwMDAwMDAwMDAwfX0=",
          "dependencies": [
            "azurerm_resource_group.rg",
            "azurerm_virtual_network.vnet"
          ],
          "create_before_destroy": true
        }
      ]
    },
    {
      "mode": "managed",
      "type": "azurerm_subnet",
      "name": "subnetpods",
      "provider": "provider[\"registry.terraform.io/hashicorp/azurerm\"]",
      "instances": [
        {
          "schema_version": 0,
          "attributes": {
            "address_prefixes": [
              "10.240.0.0/24"
            ],
            "delegation": [
              {
                "name": "aks-delegation",
                "service_delegation": [
                  {
                    "actions": [
                      "Microsoft.Network/virtualNetworks/subnets/join/action"
                    ],
                    "name": "Microsoft.ContainerService/managedClusters"
                  }
                ]
              }
            ],
            "enforce_private_link_endpoint_network_policies": false,
            "enforce_private_link_service_network_policies": false,
            "id": "/subscriptions/59d574d4-1c03-4092-ab22-312ed594eec9/resourceGroups/rg-aks-cluster/providers/Microsoft.Network/virtualNetworks/vnet-spoke-aks/subnets/subnet-aks-pods",
            "name": "subnet-aks-pods",
            "resource_group_name": "rg-aks-cluster",
            "service_endpoint_policy_ids": null,
            "service_endpoints": null,
            "timeouts": null,
            "virtual_network_name": "vnet-spoke-aks"
          },
          "sensitive_attributes": [],
          "private": "eyJlMmJmYjczMC1lY2FhLTExZTYtOGY4OC0zNDM2M2JjN2M0YzAiOnsiY3JlYXRlIjoxODAwMDAwMDAwMDAwLCJkZWxldGUiOjE4MDAwMDAwMDAwMDAsInJlYWQiOjMwMDAwMDAwMDAwMCwidXBkYXRlIjoxODAwMDAwMDAwMDAwfX0=",
          "dependencies": [
            "azurerm_resource_group.rg",
            "azurerm_virtual_network.vnet"
          ],
          "create_before_destroy": true
        }
      ]
    },
    {
      "mode": "managed",
      "type": "azurerm_user_assigned_identity",
      "name": "identity-aks",
      "provider": "provider[\"registry.terraform.io/hashicorp/azurerm\"]",
      "instances": [
        {
          "schema_version": 1,
          "attributes": {
            "client_id": "7acbc69b-f0c5-42c2-8f28-5538c0bfb641",
            "id": "/subscriptions/59d574d4-1c03-4092-ab22-312ed594eec9/resourceGroups/rg-aks-cluster/providers/Microsoft.ManagedIdentity/userAssignedIdentities/identity-aks",
            "location": "westeurope",
            "name": "identity-aks",
            "principal_id": "c00ef302-ede4-4b59-bddc-808f645ea34b",
            "resource_group_name": "rg-aks-cluster",
            "tags": {
              "environment": "development",
              "source": "terraform"
            },
            "tenant_id": "558506eb-9459-4ef3-b920-ad55c555e729",
            "timeouts": null
          },
          "sensitive_attributes": [],
          "private": "eyJlMmJmYjczMC1lY2FhLTExZTYtOGY4OC0zNDM2M2JjN2M0YzAiOnsiY3JlYXRlIjoxODAwMDAwMDAwMDAwLCJkZWxldGUiOjE4MDAwMDAwMDAwMDAsInJlYWQiOjMwMDAwMDAwMDAwMCwidXBkYXRlIjoxODAwMDAwMDAwMDAwfSwic2NoZW1hX3ZlcnNpb24iOiIxIn0=",
          "dependencies": [
            "azurerm_resource_group.rg"
          ],
          "create_before_destroy": true
        }
      ]
    },
    {
      "mode": "managed",
      "type": "azurerm_user_assigned_identity",
      "name": "identity-kubelet",
      "provider": "provider[\"registry.terraform.io/hashicorp/azurerm\"]",
      "instances": [
        {
          "schema_version": 1,
          "attributes": {
            "client_id": "5276682a-e789-4530-bf52-920fe12a1181",
            "id": "/subscriptions/59d574d4-1c03-4092-ab22-312ed594eec9/resourceGroups/rg-aks-cluster/providers/Microsoft.ManagedIdentity/userAssignedIdentities/aks-cluster-agentpool",
            "location": "westeurope",
            "name": "aks-cluster-agentpool",
            "principal_id": "4b83b432-9e9a-4d1c-bfef-0529ce29822a",
            "resource_group_name": "rg-aks-cluster",
            "tags": {
              "environment": "development",
              "source": "terraform"
            },
            "tenant_id": "558506eb-9459-4ef3-b920-ad55c555e729",
            "timeouts": null
          },
          "sensitive_attributes": [],
          "private": "eyJlMmJmYjczMC1lY2FhLTExZTYtOGY4OC0zNDM2M2JjN2M0YzAiOnsiY3JlYXRlIjoxODAwMDAwMDAwMDAwLCJkZWxldGUiOjE4MDAwMDAwMDAwMDAsInJlYWQiOjMwMDAwMDAwMDAwMCwidXBkYXRlIjoxODAwMDAwMDAwMDAwfSwic2NoZW1hX3ZlcnNpb24iOiIxIn0=",
          "dependencies": [
            "azurerm_resource_group.rg"
          ],
          "create_before_destroy": true
        }
      ]
    },
    {
      "mode": "managed",
      "type": "azurerm_virtual_network",
      "name": "vnet",
      "provider": "provider[\"registry.terraform.io/hashicorp/azurerm\"]",
      "instances": [
        {
          "schema_version": 0,
          "attributes": {
            "address_space": [
              "10.0.0.0/8"
            ],
            "bgp_community": "",
            "ddos_protection_plan": [],
            "dns_servers": [],
            "edge_zone": "",
            "flow_timeout_in_minutes": 0,
            "guid": "7492e5dd-0095-48ff-900d-2e50ade0c601",
            "id": "/subscriptions/59d574d4-1c03-4092-ab22-312ed594eec9/resourceGroups/rg-aks-cluster/providers/Microsoft.Network/virtualNetworks/vnet-spoke-aks",
            "location": "westeurope",
            "name": "vnet-spoke-aks",
            "resource_group_name": "rg-aks-cluster",
            "subnet": [],
            "tags": {
              "environment": "development",
              "source": "terraform"
            },
            "timeouts": null
          },
          "sensitive_attributes": [],
          "private": "eyJlMmJmYjczMC1lY2FhLTExZTYtOGY4OC0zNDM2M2JjN2M0YzAiOnsiY3JlYXRlIjoxODAwMDAwMDAwMDAwLCJkZWxldGUiOjE4MDAwMDAwMDAwMDAsInJlYWQiOjMwMDAwMDAwMDAwMCwidXBkYXRlIjoxODAwMDAwMDAwMDAwfX0=",
          "dependencies": [
            "azurerm_resource_group.rg"
          ],
          "create_before_destroy": true
        }
      ]
    }
  ]
}
