{
  "version": 4,
  "terraform_version": "1.2.2",
  "serial": 28,
  "lineage": "59214e03-0e3c-8f06-6775-bf4cb91036a3",
  "outputs": {
    "application_ip_address": {
      "value": "40.68.162.156",
      "type": "string"
    },
    "client_certificate": {
      "value": "",
      "type": "string",
      "sensitive": true
    },
    "client_key": {
      "value": "",
      "type": "string",
      "sensitive": true
    },
    "cluster_ca_certificate": {
      "value": "LS0tLS1CRUdJTiBDRVJUSUZJQ0FURS0tLS0tCk1JSUU2VENDQXRHZ0F3SUJBZ0lSQVBRT3lsZm40MWFzdUxFR0pVaEhFeU13RFFZSktvWklodmNOQVFFTEJRQXcKRFRFTE1Ba0dBMVVFQXhNQ1kyRXdJQmNOTWpJd05qQTVNVEF4TnpNeldoZ1BNakExTWpBMk1Ea3hNREkzTXpOYQpNQTB4Q3pBSkJnTlZCQU1UQW1OaE1JSUNJakFOQmdrcWhraUc5dzBCQVFFRkFBT0NBZzhBTUlJQ0NnS0NBZ0VBCjBiNjA4VHluNGhocmhrSmgzVWhSYWVRN0hXTWJFN0E2YTBmOFQwVGM2Ykxtck9kV1F0d1B1dlVXeExsemp1WDMKYi9KUk53SzhTV2dXNlRyTGJrZFJRaEZuMlRaV1dtanpjTjBqZGd6bDAyL0ZXYzJyTmRRZTVoVFU3Rk1DSzcxWAp1MFpERUMvTnlVNWk3aU9QZ1l0UDVaRE8zNVluMlRra2s1TDM1TVh2SGR6TWpRRy9BdzdNQVpoSlkrSnNyRVQ3CkI5aGR5dExnd0VBQ1VPWmVDOFFDOE5XYytQZzVsZ3o3Sk92d1hSa3VMMXFYUTBTQ1Z6SmtRVVJuMTNhemlxOEwKWFZJQmtJQllnZW9RVFIvUXRkcGFScFRYOVdZUjlTQkpIbU5NVUJNOSswUXNqTVJKM2pHdjN6YjF5bzNLMTkvaAoydHRuRzV0cGpyV21rZm41ODRETHVIVzVJRkR2OFBMS0hOaDFHNUVDa0FBZXJ5cUNBK05ORDI0V29FcTFBakhIClIwMFZVUjREc1NUenMvNE5IWTFYMDR6dG5IREMzWDF2Q3U5dTBUWG44a0JHOXlDZjkyTW1OcmtCM0dSOUVCbG4KajdSZUxsWVVFSE5sVUVVd3VlSlpMRm5oOUluUkVXZ01CRkxvbTNuYWoxU09EaFc0aG9tTCt6WEdwZ1g4czdDUgpmTHFXbHQxUW9pdHQ5K0dPZVhGS0twUjY2b0hkOTNXVzl3UytBVG40cEQyWFV4SmI4VXV1dFZDTytnRkloT3BvCjdoWmZDOGVjTXZkUnkwQWo2dE5naGlyUkF6V1RKR0VVOGlmRklZNDdoU21EMjQ3d09BSnpXZERacDhqT0I4VmQKaTFQZk9SbGEwZWVMa096QlMzU0lFNTUvSW9yTWN1VWZ4Um5EaE9jSkpZc0NBd0VBQWFOQ01FQXdEZ1lEVlIwUApBUUgvQkFRREFnS2tNQThHQTFVZEV3RUIvd1FGTUFNQkFmOHdIUVlEVlIwT0JCWUVGQ3E0blhhZUFpZVdPVTZaCmx6dGw3aDB0QVRFRU1BMEdDU3FHU0liM0RRRUJDd1VBQTRJQ0FRQ2JzYnlDYW5UemlOajZQa2NUbUdTcEpPWUIKQVh2andSUzRudEsvRVBaSmNvdzlLQzMvb0dHWUZWaXl4cjFDcTdhbXNHQUhmQk9GR0E0RzErUXpvVGU5ZzFTRAovWGFQcktucFhaTW8rRXRKUlVtVGFIeE1kcll2S3lvbU5hdDlsSDRVSGR3UytLejZWUC9Kbk5XK0h6M1BNYTZMCjFTK1pXUEd3b2NTMHBmdGZuelQ0V1diQkJnd1Rsb1VMbGg0ZWQybTVEZTIxRDRBQmZTTEJidFpZTVpEWTFzdFYKL25XR1hhMGxKM0s0LzM4enNpWmdESGN5TUFybGo4N3dDb1FrdTFhcnFmYlVCL3hyL1dLeWdwaTdFd2xlTExNWQpjejRqKzMzSjZ1QTdod0gzUWFldFZFb2Rzb09RZk9rQjFTR3hDQ3Z4REtjc3lweFVMNkNyTkpyQWJsUEg5TTVzCm5BV3doN1V1RHByZ1VuZExtVHZYMDI5YVdxbWlOQ2xtUnlYK1JGaFdPMDZ0OGNoZkp6b3BjL2N4UFQ2RC9hQTgKMnZKUXJTUmpRaXRaVnFSeG8wNUhwaStXNGJOVllpWThWaHlUTGEyZmpOWng3Z0o4VnRyV1FqaW9JSHREMjlONwpuajdmUXVZWWtEejlzcmxsU2U1UTdQekY4YzlOa1F3MWlRZ1crd1JYUW9PVTRwWnBSV1U1RTc1TFprZklzTWNnCi9nUEUrcXpQSjBQKy9rY0tQUi85WmZGNHlWSHY5TUE3Sm40RFFpZ2JuY0FEL0F1dVdkdXVUUEZCNno4UjVEMkcKdC9wUUEvdDJSMHI5ZEJBODhaZmFaSFdVUEF6YitROUx0bnAxdEYzTXBYNzR3ZGxjTmtNWkR6ZzhNTFlsNEt1UQpvV290M2lmT0hzckhGYW1mZUE9PQotLS0tLUVORCBDRVJUSUZJQ0FURS0tLS0tCg==",
      "type": "string",
      "sensitive": true
    },
    "cluster_password": {
      "value": "",
      "type": "string",
      "sensitive": true
    },
    "cluster_username": {
      "value": "clusterUser_rg-aks-cluster-dev_aks-cluster",
      "type": "string",
      "sensitive": true
    },
    "host": {
      "value": "https://aks-8c3a52e5.hcp.westeurope.azmk8s.io:443",
      "type": "string",
      "sensitive": true
    },
    "kube_config": {
      "value": "apiVersion: v1\nclusters:\n- cluster:\n    certificate-authority-data: LS0tLS1CRUdJTiBDRVJUSUZJQ0FURS0tLS0tCk1JSUU2VENDQXRHZ0F3SUJBZ0lSQVBRT3lsZm40MWFzdUxFR0pVaEhFeU13RFFZSktvWklodmNOQVFFTEJRQXcKRFRFTE1Ba0dBMVVFQXhNQ1kyRXdJQmNOTWpJd05qQTVNVEF4TnpNeldoZ1BNakExTWpBMk1Ea3hNREkzTXpOYQpNQTB4Q3pBSkJnTlZCQU1UQW1OaE1JSUNJakFOQmdrcWhraUc5dzBCQVFFRkFBT0NBZzhBTUlJQ0NnS0NBZ0VBCjBiNjA4VHluNGhocmhrSmgzVWhSYWVRN0hXTWJFN0E2YTBmOFQwVGM2Ykxtck9kV1F0d1B1dlVXeExsemp1WDMKYi9KUk53SzhTV2dXNlRyTGJrZFJRaEZuMlRaV1dtanpjTjBqZGd6bDAyL0ZXYzJyTmRRZTVoVFU3Rk1DSzcxWAp1MFpERUMvTnlVNWk3aU9QZ1l0UDVaRE8zNVluMlRra2s1TDM1TVh2SGR6TWpRRy9BdzdNQVpoSlkrSnNyRVQ3CkI5aGR5dExnd0VBQ1VPWmVDOFFDOE5XYytQZzVsZ3o3Sk92d1hSa3VMMXFYUTBTQ1Z6SmtRVVJuMTNhemlxOEwKWFZJQmtJQllnZW9RVFIvUXRkcGFScFRYOVdZUjlTQkpIbU5NVUJNOSswUXNqTVJKM2pHdjN6YjF5bzNLMTkvaAoydHRuRzV0cGpyV21rZm41ODRETHVIVzVJRkR2OFBMS0hOaDFHNUVDa0FBZXJ5cUNBK05ORDI0V29FcTFBakhIClIwMFZVUjREc1NUenMvNE5IWTFYMDR6dG5IREMzWDF2Q3U5dTBUWG44a0JHOXlDZjkyTW1OcmtCM0dSOUVCbG4KajdSZUxsWVVFSE5sVUVVd3VlSlpMRm5oOUluUkVXZ01CRkxvbTNuYWoxU09EaFc0aG9tTCt6WEdwZ1g4czdDUgpmTHFXbHQxUW9pdHQ5K0dPZVhGS0twUjY2b0hkOTNXVzl3UytBVG40cEQyWFV4SmI4VXV1dFZDTytnRkloT3BvCjdoWmZDOGVjTXZkUnkwQWo2dE5naGlyUkF6V1RKR0VVOGlmRklZNDdoU21EMjQ3d09BSnpXZERacDhqT0I4VmQKaTFQZk9SbGEwZWVMa096QlMzU0lFNTUvSW9yTWN1VWZ4Um5EaE9jSkpZc0NBd0VBQWFOQ01FQXdEZ1lEVlIwUApBUUgvQkFRREFnS2tNQThHQTFVZEV3RUIvd1FGTUFNQkFmOHdIUVlEVlIwT0JCWUVGQ3E0blhhZUFpZVdPVTZaCmx6dGw3aDB0QVRFRU1BMEdDU3FHU0liM0RRRUJDd1VBQTRJQ0FRQ2JzYnlDYW5UemlOajZQa2NUbUdTcEpPWUIKQVh2andSUzRudEsvRVBaSmNvdzlLQzMvb0dHWUZWaXl4cjFDcTdhbXNHQUhmQk9GR0E0RzErUXpvVGU5ZzFTRAovWGFQcktucFhaTW8rRXRKUlVtVGFIeE1kcll2S3lvbU5hdDlsSDRVSGR3UytLejZWUC9Kbk5XK0h6M1BNYTZMCjFTK1pXUEd3b2NTMHBmdGZuelQ0V1diQkJnd1Rsb1VMbGg0ZWQybTVEZTIxRDRBQmZTTEJidFpZTVpEWTFzdFYKL25XR1hhMGxKM0s0LzM4enNpWmdESGN5TUFybGo4N3dDb1FrdTFhcnFmYlVCL3hyL1dLeWdwaTdFd2xlTExNWQpjejRqKzMzSjZ1QTdod0gzUWFldFZFb2Rzb09RZk9rQjFTR3hDQ3Z4REtjc3lweFVMNkNyTkpyQWJsUEg5TTVzCm5BV3doN1V1RHByZ1VuZExtVHZYMDI5YVdxbWlOQ2xtUnlYK1JGaFdPMDZ0OGNoZkp6b3BjL2N4UFQ2RC9hQTgKMnZKUXJTUmpRaXRaVnFSeG8wNUhwaStXNGJOVllpWThWaHlUTGEyZmpOWng3Z0o4VnRyV1FqaW9JSHREMjlONwpuajdmUXVZWWtEejlzcmxsU2U1UTdQekY4YzlOa1F3MWlRZ1crd1JYUW9PVTRwWnBSV1U1RTc1TFprZklzTWNnCi9nUEUrcXpQSjBQKy9rY0tQUi85WmZGNHlWSHY5TUE3Sm40RFFpZ2JuY0FEL0F1dVdkdXVUUEZCNno4UjVEMkcKdC9wUUEvdDJSMHI5ZEJBODhaZmFaSFdVUEF6YitROUx0bnAxdEYzTXBYNzR3ZGxjTmtNWkR6ZzhNTFlsNEt1UQpvV290M2lmT0hzckhGYW1mZUE9PQotLS0tLUVORCBDRVJUSUZJQ0FURS0tLS0tCg==\n    server: https://aks-8c3a52e5.hcp.westeurope.azmk8s.io:443\n  name: aks-cluster\ncontexts:\n- context:\n    cluster: aks-cluster\n    user: clusterUser_rg-aks-cluster-dev_aks-cluster\n  name: aks-cluster\ncurrent-context: aks-cluster\nkind: Config\npreferences: {}\nusers:\n- name: clusterUser_rg-aks-cluster-dev_aks-cluster\n  user:\n    auth-provider:\n      config:\n        apiserver-id: 6dae42f8-4368-4678-94ff-3960e28e3630\n        client-id: 80faf920-1908-4b52-b5ef-a8e7bedfc67a\n        config-mode: \"1\"\n        environment: AzurePublicCloud\n        tenant-id: 558506eb-9459-4ef3-b920-ad55c555e729\n      name: azure\n",
      "type": "string",
      "sensitive": true
    },
    "resource_group_name": {
      "value": "rg-aks-cluster-dev",
      "type": "string"
    }
  },
  "resources": [
    {
      "mode": "data",
      "type": "azurerm_client_config",
      "name": "current",
      "provider": "provider[\"registry.terraform.io/hashicorp/azurerm\"]",
      "instances": [
        {
          "schema_version": 0,
          "attributes": {
            "client_id": "04b07795-8ddb-461a-bbee-02f9e1bf7b46",
            "id": "2022-06-09 16:00:56.973839 +0000 UTC",
            "object_id": "f97fc9ba-ebda-439e-825a-0e25801cb32c",
            "subscription_id": "17b12858-3960-4e6f-a663-a06fdae23428",
            "tenant_id": "558506eb-9459-4ef3-b920-ad55c555e729",
            "timeouts": null
          },
          "sensitive_attributes": []
        }
      ]
    },
    {
      "mode": "data",
      "type": "azurerm_resource_group",
      "name": "aks_nodes_rg",
      "provider": "provider[\"registry.terraform.io/hashicorp/azurerm\"]",
      "instances": [
        {
          "schema_version": 0,
          "attributes": {
            "id": "/subscriptions/17b12858-3960-4e6f-a663-a06fdae23428/resourceGroups/rg-aks-cluster-dev-managed",
            "location": "westeurope",
            "name": "rg-aks-cluster-dev-managed",
            "tags": {
              "aks-managed-cluster-name": "aks-cluster",
              "aks-managed-cluster-rg": "rg-aks-cluster-dev",
              "environment": "development",
              "source": "terraform"
            },
            "timeouts": null
          },
          "sensitive_attributes": []
        }
      ]
    },
    {
      "mode": "managed",
      "type": "azurerm_application_gateway",
      "name": "appgw",
      "provider": "provider[\"registry.terraform.io/hashicorp/azurerm\"]",
      "instances": [
        {
          "schema_version": 0,
          "attributes": {
            "authentication_certificate": [],
            "autoscale_configuration": [],
            "backend_address_pool": [
              {
                "fqdns": [],
                "id": "/subscriptions/17b12858-3960-4e6f-a663-a06fdae23428/resourceGroups/rg-aks-cluster-dev/providers/Microsoft.Network/applicationGateways/appgw-aks/backendAddressPools/vnet-spoke-aks-beap",
                "ip_addresses": [],
                "name": "vnet-spoke-aks-beap"
              }
            ],
            "backend_http_settings": [
              {
                "affinity_cookie_name": "",
                "authentication_certificate": [],
                "connection_draining": [],
                "cookie_based_affinity": "Disabled",
                "host_name": "",
                "id": "/subscriptions/17b12858-3960-4e6f-a663-a06fdae23428/resourceGroups/rg-aks-cluster-dev/providers/Microsoft.Network/applicationGateways/appgw-aks/backendHttpSettingsCollection/vnet-spoke-aks-be-htst",
                "name": "vnet-spoke-aks-be-htst",
                "path": "",
                "pick_host_name_from_backend_address": false,
                "port": 80,
                "probe_id": "",
                "probe_name": "",
                "protocol": "Http",
                "request_timeout": 1,
                "trusted_root_certificate_names": []
              }
            ],
            "custom_error_configuration": [],
            "enable_http2": false,
            "fips_enabled": false,
            "firewall_policy_id": null,
            "force_firewall_policy_association": false,
            "frontend_ip_configuration": [
              {
                "id": "/subscriptions/17b12858-3960-4e6f-a663-a06fdae23428/resourceGroups/rg-aks-cluster-dev/providers/Microsoft.Network/applicationGateways/appgw-aks/frontendIPConfigurations/vnet-spoke-aks-feip",
                "name": "vnet-spoke-aks-feip",
                "private_ip_address": "",
                "private_ip_address_allocation": "Dynamic",
                "private_link_configuration_id": "",
                "private_link_configuration_name": "",
                "public_ip_address_id": "/subscriptions/17b12858-3960-4e6f-a663-a06fdae23428/resourceGroups/rg-aks-cluster-dev/providers/Microsoft.Network/publicIPAddresses/publicIp-appgw",
                "subnet_id": ""
              }
            ],
            "frontend_port": [
              {
                "id": "/subscriptions/17b12858-3960-4e6f-a663-a06fdae23428/resourceGroups/rg-aks-cluster-dev/providers/Microsoft.Network/applicationGateways/appgw-aks/frontendPorts/httpsPort",
                "name": "httpsPort",
                "port": 443
              },
              {
                "id": "/subscriptions/17b12858-3960-4e6f-a663-a06fdae23428/resourceGroups/rg-aks-cluster-dev/providers/Microsoft.Network/applicationGateways/appgw-aks/frontendPorts/vnet-spoke-aks-feport",
                "name": "vnet-spoke-aks-feport",
                "port": 80
              }
            ],
            "gateway_ip_configuration": [
              {
                "id": "/subscriptions/17b12858-3960-4e6f-a663-a06fdae23428/resourceGroups/rg-aks-cluster-dev/providers/Microsoft.Network/applicationGateways/appgw-aks/gatewayIPConfigurations/appGatewayIpConfig",
                "name": "appGatewayIpConfig",
                "subnet_id": "/subscriptions/17b12858-3960-4e6f-a663-a06fdae23428/resourceGroups/rg-aks-cluster-dev/providers/Microsoft.Network/virtualNetworks/vnet-spoke-aks/subnets/subnet-appgw"
              }
            ],
            "http_listener": [
              {
                "custom_error_configuration": [],
                "firewall_policy_id": "",
                "frontend_ip_configuration_id": "/subscriptions/17b12858-3960-4e6f-a663-a06fdae23428/resourceGroups/rg-aks-cluster-dev/providers/Microsoft.Network/applicationGateways/appgw-aks/frontendIPConfigurations/vnet-spoke-aks-feip",
                "frontend_ip_configuration_name": "vnet-spoke-aks-feip",
                "frontend_port_id": "/subscriptions/17b12858-3960-4e6f-a663-a06fdae23428/resourceGroups/rg-aks-cluster-dev/providers/Microsoft.Network/applicationGateways/appgw-aks/frontendPorts/vnet-spoke-aks-feport",
                "frontend_port_name": "vnet-spoke-aks-feport",
                "host_name": "",
                "host_names": [],
                "id": "/subscriptions/17b12858-3960-4e6f-a663-a06fdae23428/resourceGroups/rg-aks-cluster-dev/providers/Microsoft.Network/applicationGateways/appgw-aks/httpListeners/vnet-spoke-aks-httplstn",
                "name": "vnet-spoke-aks-httplstn",
                "protocol": "Http",
                "require_sni": false,
                "ssl_certificate_id": "",
                "ssl_certificate_name": "",
                "ssl_profile_id": "",
                "ssl_profile_name": ""
              }
            ],
            "id": "/subscriptions/17b12858-3960-4e6f-a663-a06fdae23428/resourceGroups/rg-aks-cluster-dev/providers/Microsoft.Network/applicationGateways/appgw-aks",
            "identity": [],
            "location": "westeurope",
            "name": "appgw-aks",
            "private_endpoint_connection": [],
            "private_link_configuration": [],
            "probe": [],
            "redirect_configuration": [],
            "request_routing_rule": [
              {
                "backend_address_pool_id": "/subscriptions/17b12858-3960-4e6f-a663-a06fdae23428/resourceGroups/rg-aks-cluster-dev/providers/Microsoft.Network/applicationGateways/appgw-aks/backendAddressPools/vnet-spoke-aks-beap",
                "backend_address_pool_name": "vnet-spoke-aks-beap",
                "backend_http_settings_id": "/subscriptions/17b12858-3960-4e6f-a663-a06fdae23428/resourceGroups/rg-aks-cluster-dev/providers/Microsoft.Network/applicationGateways/appgw-aks/backendHttpSettingsCollection/vnet-spoke-aks-be-htst",
                "backend_http_settings_name": "vnet-spoke-aks-be-htst",
                "http_listener_id": "/subscriptions/17b12858-3960-4e6f-a663-a06fdae23428/resourceGroups/rg-aks-cluster-dev/providers/Microsoft.Network/applicationGateways/appgw-aks/httpListeners/vnet-spoke-aks-httplstn",
                "http_listener_name": "vnet-spoke-aks-httplstn",
                "id": "/subscriptions/17b12858-3960-4e6f-a663-a06fdae23428/resourceGroups/rg-aks-cluster-dev/providers/Microsoft.Network/applicationGateways/appgw-aks/requestRoutingRules/vnet-spoke-aks-rqrt",
                "name": "vnet-spoke-aks-rqrt",
                "priority": 10000,
                "redirect_configuration_id": "",
                "redirect_configuration_name": "",
                "rewrite_rule_set_id": "",
                "rewrite_rule_set_name": "",
                "rule_type": "Basic",
                "url_path_map_id": "",
                "url_path_map_name": ""
              }
            ],
            "resource_group_name": "rg-aks-cluster-dev",
            "rewrite_rule_set": [],
            "sku": [
              {
                "capacity": 2,
                "name": "Standard_v2",
                "tier": "Standard_v2"
              }
            ],
            "ssl_certificate": [],
            "ssl_policy": [
              {
                "cipher_suites": [],
                "disabled_protocols": [],
                "min_protocol_version": "",
                "policy_name": "AppGwSslPolicy20150501",
                "policy_type": "Predefined"
              }
            ],
            "ssl_profile": [],
            "tags": {
              "environment": "development",
              "source": "terraform"
            },
            "timeouts": null,
            "trusted_client_certificate": [],
            "trusted_root_certificate": [],
            "url_path_map": [],
            "waf_configuration": [],
            "zones": []
          },
          "sensitive_attributes": [],
          "private": "eyJlMmJmYjczMC1lY2FhLTExZTYtOGY4OC0zNDM2M2JjN2M0YzAiOnsiY3JlYXRlIjo1NDAwMDAwMDAwMDAwLCJkZWxldGUiOjU0MDAwMDAwMDAwMDAsInJlYWQiOjMwMDAwMDAwMDAwMCwidXBkYXRlIjo1NDAwMDAwMDAwMDAwfX0=",
          "dependencies": [
            "azurerm_public_ip.pip",
            "azurerm_resource_group.rg",
            "azurerm_subnet.subnetappgw",
            "azurerm_virtual_network.vnet"
          ],
          "create_before_destroy": true
        }
      ]
    },
    {
      "mode": "managed",
      "type": "azurerm_container_registry",
      "name": "acr",
      "provider": "provider[\"registry.terraform.io/hashicorp/azurerm\"]",
      "instances": [
        {
          "schema_version": 2,
          "attributes": {
            "admin_enabled": false,
            "admin_password": "",
            "admin_username": "",
            "anonymous_pull_enabled": false,
            "data_endpoint_enabled": false,
            "encryption": [
              {
                "enabled": false,
                "identity_client_id": "",
                "key_vault_key_id": ""
              }
            ],
            "export_policy_enabled": true,
            "georeplications": [],
            "id": "/subscriptions/17b12858-3960-4e6f-a663-a06fdae23428/resourceGroups/rg-aks-cluster-dev/providers/Microsoft.ContainerRegistry/registries/acrforakstf027",
            "identity": [],
            "location": "westeurope",
            "login_server": "acrforakstf027.azurecr.io",
            "name": "acrforakstf027",
            "network_rule_bypass_option": "AzureServices",
            "network_rule_set": [],
            "public_network_access_enabled": true,
            "quarantine_policy_enabled": false,
            "resource_group_name": "rg-aks-cluster-dev",
            "retention_policy": [
              {
                "days": 7,
                "enabled": false
              }
            ],
            "sku": "Standard",
            "tags": {
              "environment": "development",
              "source": "terraform"
            },
            "timeouts": null,
            "trust_policy": [
              {
                "enabled": false
              }
            ],
            "zone_redundancy_enabled": false
          },
          "sensitive_attributes": [],
          "private": "eyJlMmJmYjczMC1lY2FhLTExZTYtOGY4OC0zNDM2M2JjN2M0YzAiOnsiY3JlYXRlIjoxODAwMDAwMDAwMDAwLCJkZWxldGUiOjE4MDAwMDAwMDAwMDAsInJlYWQiOjMwMDAwMDAwMDAwMCwidXBkYXRlIjoxODAwMDAwMDAwMDAwfSwic2NoZW1hX3ZlcnNpb24iOiIyIn0=",
          "dependencies": [
            "azurerm_resource_group.rg"
          ]
        }
      ]
    },
    {
      "mode": "managed",
      "type": "azurerm_key_vault",
      "name": "kv",
      "provider": "provider[\"registry.terraform.io/hashicorp/azurerm\"]",
      "instances": [
        {
          "schema_version": 2,
          "attributes": {
            "access_policy": [],
            "contact": [],
            "enable_rbac_authorization": true,
            "enabled_for_deployment": false,
            "enabled_for_disk_encryption": false,
            "enabled_for_template_deployment": false,
            "id": "/subscriptions/17b12858-3960-4e6f-a663-a06fdae23428/resourceGroups/rg-aks-cluster-dev/providers/Microsoft.KeyVault/vaults/kvforaks067",
            "location": "westeurope",
            "name": "kvforaks067",
            "network_acls": [
              {
                "bypass": "AzureServices",
                "default_action": "Allow",
                "ip_rules": [],
                "virtual_network_subnet_ids": []
              }
            ],
            "purge_protection_enabled": false,
            "resource_group_name": "rg-aks-cluster-dev",
            "sku_name": "standard",
            "soft_delete_retention_days": 7,
            "tags": {
              "environment": "development",
              "source": "terraform"
            },
            "tenant_id": "558506eb-9459-4ef3-b920-ad55c555e729",
            "timeouts": null,
            "vault_uri": "https://kvforaks067.vault.azure.net/"
          },
          "sensitive_attributes": [],
          "private": "eyJlMmJmYjczMC1lY2FhLTExZTYtOGY4OC0zNDM2M2JjN2M0YzAiOnsiY3JlYXRlIjoxODAwMDAwMDAwMDAwLCJkZWxldGUiOjE4MDAwMDAwMDAwMDAsInJlYWQiOjMwMDAwMDAwMDAwMCwidXBkYXRlIjoxODAwMDAwMDAwMDAwfSwic2NoZW1hX3ZlcnNpb24iOiIyIn0=",
          "dependencies": [
            "azurerm_resource_group.rg",
            "data.azurerm_client_config.current"
          ]
        }
      ]
    },
    {
      "mode": "managed",
      "type": "azurerm_key_vault_secret",
      "name": "secret",
      "provider": "provider[\"registry.terraform.io/hashicorp/azurerm\"]",
      "instances": [
        {
          "schema_version": 0,
          "attributes": {
            "content_type": "",
            "expiration_date": null,
            "id": "https://kvforaks067.vault.azure.net/secrets/database-password/113da6ab7e05460c92798e003c4627ca",
            "key_vault_id": "/subscriptions/17b12858-3960-4e6f-a663-a06fdae23428/resourceGroups/rg-aks-cluster-dev/providers/Microsoft.KeyVault/vaults/kvforaks067",
            "name": "database-password",
            "not_before_date": null,
            "tags": {
              "environment": "development",
              "source": "terraform"
            },
            "timeouts": null,
            "value": "@Aa123456789",
            "version": "113da6ab7e05460c92798e003c4627ca",
            "versionless_id": "https://kvforaks067.vault.azure.net/secrets/database-password"
          },
          "sensitive_attributes": [],
          "private": "eyJlMmJmYjczMC1lY2FhLTExZTYtOGY4OC0zNDM2M2JjN2M0YzAiOnsiY3JlYXRlIjoxODAwMDAwMDAwMDAwLCJkZWxldGUiOjE4MDAwMDAwMDAwMDAsInJlYWQiOjMwMDAwMDAwMDAwMCwidXBkYXRlIjoxODAwMDAwMDAwMDAwfX0=",
          "dependencies": [
            "azurerm_key_vault.kv",
            "azurerm_resource_group.rg",
            "azurerm_role_assignment.role-secret-officer",
            "data.azurerm_client_config.current"
          ]
        }
      ]
    },
    {
      "mode": "managed",
      "type": "azurerm_kubernetes_cluster",
      "name": "aks",
      "provider": "provider[\"registry.terraform.io/hashicorp/azurerm\"]",
      "instances": [
        {
          "schema_version": 2,
          "attributes": {
            "aci_connector_linux": [],
            "api_server_authorized_ip_ranges": [
              "0.0.0.0/0"
            ],
            "auto_scaler_profile": [
              {
                "balance_similar_node_groups": false,
                "empty_bulk_delete_max": "10",
                "expander": "random",
                "max_graceful_termination_sec": "600",
                "max_node_provisioning_time": "15m",
                "max_unready_nodes": 3,
                "max_unready_percentage": 45,
                "new_pod_scale_up_delay": "0s",
                "scale_down_delay_after_add": "10m",
                "scale_down_delay_after_delete": "10s",
                "scale_down_delay_after_failure": "3m",
                "scale_down_unneeded": "10m",
                "scale_down_unready": "20m",
                "scale_down_utilization_threshold": "0.5",
                "scan_interval": "10s",
                "skip_nodes_with_local_storage": false,
                "skip_nodes_with_system_pods": true
              }
            ],
            "automatic_channel_upgrade": "",
            "azure_active_directory_role_based_access_control": [
              {
                "admin_group_object_ids": [
                  "1eb16a7c-42cc-49e3-8ff0-d179433be6a6"
                ],
                "azure_rbac_enabled": true,
                "client_app_id": "",
                "managed": true,
                "server_app_id": "",
                "server_app_secret": "",
                "tenant_id": "558506eb-9459-4ef3-b920-ad55c555e729"
              }
            ],
            "azure_policy_enabled": true,
            "default_node_pool": [
              {
                "enable_auto_scaling": false,
                "enable_host_encryption": false,
                "enable_node_public_ip": false,
                "fips_enabled": false,
                "kubelet_config": [],
                "kubelet_disk_type": "OS",
                "linux_os_config": [],
                "max_count": 0,
                "max_pods": 250,
                "min_count": 0,
                "name": "systempool",
                "node_count": 1,
                "node_labels": {},
                "node_public_ip_prefix_id": "",
                "node_taints": [],
                "only_critical_addons_enabled": true,
                "orchestrator_version": "1.23.5",
                "os_disk_size_gb": 40,
                "os_disk_type": "Managed",
                "os_sku": "Ubuntu",
                "pod_subnet_id": "/subscriptions/17b12858-3960-4e6f-a663-a06fdae23428/resourceGroups/rg-aks-cluster-dev/providers/Microsoft.Network/virtualNetworks/vnet-spoke-aks/subnets/subnet-aks-pods",
                "proximity_placement_group_id": "",
                "tags": {
                  "environment": "development",
                  "source": "terraform"
                },
                "type": "VirtualMachineScaleSets",
                "ultra_ssd_enabled": false,
                "upgrade_settings": [],
                "vm_size": "Standard_D2as_v5",
                "vnet_subnet_id": "/subscriptions/17b12858-3960-4e6f-a663-a06fdae23428/resourceGroups/rg-aks-cluster-dev/providers/Microsoft.Network/virtualNetworks/vnet-spoke-aks/subnets/subnet-aks-nodes",
                "zones": [
                  "1",
                  "2",
                  "3"
                ]
              }
            ],
            "disk_encryption_set_id": "",
            "dns_prefix": "aks",
            "dns_prefix_private_cluster": "",
            "enable_pod_security_policy": false,
            "fqdn": "aks-8c3a52e5.hcp.westeurope.azmk8s.io",
            "http_application_routing_enabled": false,
            "http_application_routing_zone_name": "",
            "http_proxy_config": [],
            "id": "/subscriptions/17b12858-3960-4e6f-a663-a06fdae23428/resourceGroups/rg-aks-cluster-dev/providers/Microsoft.ContainerService/managedClusters/aks-cluster",
            "identity": [
              {
                "identity_ids": [
                  "/subscriptions/17b12858-3960-4e6f-a663-a06fdae23428/resourceGroups/rg-aks-cluster-dev/providers/Microsoft.ManagedIdentity/userAssignedIdentities/identity-aks"
                ],
                "principal_id": "",
                "tenant_id": "",
                "type": "UserAssigned"
              }
            ],
            "ingress_application_gateway": [
              {
                "effective_gateway_id": "/subscriptions/17b12858-3960-4e6f-a663-a06fdae23428/resourceGroups/rg-aks-cluster-dev/providers/Microsoft.Network/applicationGateways/appgw-aks",
                "gateway_id": "/subscriptions/17b12858-3960-4e6f-a663-a06fdae23428/resourceGroups/rg-aks-cluster-dev/providers/Microsoft.Network/applicationGateways/appgw-aks",
                "gateway_name": "",
                "ingress_application_gateway_identity": [
                  {
                    "client_id": "6179b3b8-63e7-450e-ad9b-f8156fd38346",
                    "object_id": "3f9597ee-223d-4f0b-afeb-1d104f1d154f",
                    "user_assigned_identity_id": "/subscriptions/17b12858-3960-4e6f-a663-a06fdae23428/resourcegroups/rg-aks-cluster-dev-managed/providers/Microsoft.ManagedIdentity/userAssignedIdentities/ingressapplicationgateway-aks-cluster"
                  }
                ],
                "subnet_cidr": "",
                "subnet_id": ""
              }
            ],
            "key_vault_secrets_provider": [
              {
                "secret_identity": [
                  {
                    "client_id": "074dd8d7-600a-4f03-a97a-6b3a51194487",
                    "object_id": "a2a2ebea-6808-4765-869e-fa6af1169e3c",
                    "user_assigned_identity_id": "/subscriptions/17b12858-3960-4e6f-a663-a06fdae23428/resourcegroups/rg-aks-cluster-dev-managed/providers/Microsoft.ManagedIdentity/userAssignedIdentities/azurekeyvaultsecretsprovider-aks-cluster"
                  }
                ],
                "secret_rotation_enabled": true,
                "secret_rotation_interval": "2m"
              }
            ],
            "kube_admin_config": [],
            "kube_admin_config_raw": "",
            "kube_config": [
              {
                "client_certificate": "",
                "client_key": "",
                "cluster_ca_certificate": "LS0tLS1CRUdJTiBDRVJUSUZJQ0FURS0tLS0tCk1JSUU2VENDQXRHZ0F3SUJBZ0lSQVBRT3lsZm40MWFzdUxFR0pVaEhFeU13RFFZSktvWklodmNOQVFFTEJRQXcKRFRFTE1Ba0dBMVVFQXhNQ1kyRXdJQmNOTWpJd05qQTVNVEF4TnpNeldoZ1BNakExTWpBMk1Ea3hNREkzTXpOYQpNQTB4Q3pBSkJnTlZCQU1UQW1OaE1JSUNJakFOQmdrcWhraUc5dzBCQVFFRkFBT0NBZzhBTUlJQ0NnS0NBZ0VBCjBiNjA4VHluNGhocmhrSmgzVWhSYWVRN0hXTWJFN0E2YTBmOFQwVGM2Ykxtck9kV1F0d1B1dlVXeExsemp1WDMKYi9KUk53SzhTV2dXNlRyTGJrZFJRaEZuMlRaV1dtanpjTjBqZGd6bDAyL0ZXYzJyTmRRZTVoVFU3Rk1DSzcxWAp1MFpERUMvTnlVNWk3aU9QZ1l0UDVaRE8zNVluMlRra2s1TDM1TVh2SGR6TWpRRy9BdzdNQVpoSlkrSnNyRVQ3CkI5aGR5dExnd0VBQ1VPWmVDOFFDOE5XYytQZzVsZ3o3Sk92d1hSa3VMMXFYUTBTQ1Z6SmtRVVJuMTNhemlxOEwKWFZJQmtJQllnZW9RVFIvUXRkcGFScFRYOVdZUjlTQkpIbU5NVUJNOSswUXNqTVJKM2pHdjN6YjF5bzNLMTkvaAoydHRuRzV0cGpyV21rZm41ODRETHVIVzVJRkR2OFBMS0hOaDFHNUVDa0FBZXJ5cUNBK05ORDI0V29FcTFBakhIClIwMFZVUjREc1NUenMvNE5IWTFYMDR6dG5IREMzWDF2Q3U5dTBUWG44a0JHOXlDZjkyTW1OcmtCM0dSOUVCbG4KajdSZUxsWVVFSE5sVUVVd3VlSlpMRm5oOUluUkVXZ01CRkxvbTNuYWoxU09EaFc0aG9tTCt6WEdwZ1g4czdDUgpmTHFXbHQxUW9pdHQ5K0dPZVhGS0twUjY2b0hkOTNXVzl3UytBVG40cEQyWFV4SmI4VXV1dFZDTytnRkloT3BvCjdoWmZDOGVjTXZkUnkwQWo2dE5naGlyUkF6V1RKR0VVOGlmRklZNDdoU21EMjQ3d09BSnpXZERacDhqT0I4VmQKaTFQZk9SbGEwZWVMa096QlMzU0lFNTUvSW9yTWN1VWZ4Um5EaE9jSkpZc0NBd0VBQWFOQ01FQXdEZ1lEVlIwUApBUUgvQkFRREFnS2tNQThHQTFVZEV3RUIvd1FGTUFNQkFmOHdIUVlEVlIwT0JCWUVGQ3E0blhhZUFpZVdPVTZaCmx6dGw3aDB0QVRFRU1BMEdDU3FHU0liM0RRRUJDd1VBQTRJQ0FRQ2JzYnlDYW5UemlOajZQa2NUbUdTcEpPWUIKQVh2andSUzRudEsvRVBaSmNvdzlLQzMvb0dHWUZWaXl4cjFDcTdhbXNHQUhmQk9GR0E0RzErUXpvVGU5ZzFTRAovWGFQcktucFhaTW8rRXRKUlVtVGFIeE1kcll2S3lvbU5hdDlsSDRVSGR3UytLejZWUC9Kbk5XK0h6M1BNYTZMCjFTK1pXUEd3b2NTMHBmdGZuelQ0V1diQkJnd1Rsb1VMbGg0ZWQybTVEZTIxRDRBQmZTTEJidFpZTVpEWTFzdFYKL25XR1hhMGxKM0s0LzM4enNpWmdESGN5TUFybGo4N3dDb1FrdTFhcnFmYlVCL3hyL1dLeWdwaTdFd2xlTExNWQpjejRqKzMzSjZ1QTdod0gzUWFldFZFb2Rzb09RZk9rQjFTR3hDQ3Z4REtjc3lweFVMNkNyTkpyQWJsUEg5TTVzCm5BV3doN1V1RHByZ1VuZExtVHZYMDI5YVdxbWlOQ2xtUnlYK1JGaFdPMDZ0OGNoZkp6b3BjL2N4UFQ2RC9hQTgKMnZKUXJTUmpRaXRaVnFSeG8wNUhwaStXNGJOVllpWThWaHlUTGEyZmpOWng3Z0o4VnRyV1FqaW9JSHREMjlONwpuajdmUXVZWWtEejlzcmxsU2U1UTdQekY4YzlOa1F3MWlRZ1crd1JYUW9PVTRwWnBSV1U1RTc1TFprZklzTWNnCi9nUEUrcXpQSjBQKy9rY0tQUi85WmZGNHlWSHY5TUE3Sm40RFFpZ2JuY0FEL0F1dVdkdXVUUEZCNno4UjVEMkcKdC9wUUEvdDJSMHI5ZEJBODhaZmFaSFdVUEF6YitROUx0bnAxdEYzTXBYNzR3ZGxjTmtNWkR6ZzhNTFlsNEt1UQpvV290M2lmT0hzckhGYW1mZUE9PQotLS0tLUVORCBDRVJUSUZJQ0FURS0tLS0tCg==",
                "host": "https://aks-8c3a52e5.hcp.westeurope.azmk8s.io:443",
                "password": "",
                "username": "clusterUser_rg-aks-cluster-dev_aks-cluster"
              }
            ],
            "kube_config_raw": "apiVersion: v1\nclusters:\n- cluster:\n    certificate-authority-data: LS0tLS1CRUdJTiBDRVJUSUZJQ0FURS0tLS0tCk1JSUU2VENDQXRHZ0F3SUJBZ0lSQVBRT3lsZm40MWFzdUxFR0pVaEhFeU13RFFZSktvWklodmNOQVFFTEJRQXcKRFRFTE1Ba0dBMVVFQXhNQ1kyRXdJQmNOTWpJd05qQTVNVEF4TnpNeldoZ1BNakExTWpBMk1Ea3hNREkzTXpOYQpNQTB4Q3pBSkJnTlZCQU1UQW1OaE1JSUNJakFOQmdrcWhraUc5dzBCQVFFRkFBT0NBZzhBTUlJQ0NnS0NBZ0VBCjBiNjA4VHluNGhocmhrSmgzVWhSYWVRN0hXTWJFN0E2YTBmOFQwVGM2Ykxtck9kV1F0d1B1dlVXeExsemp1WDMKYi9KUk53SzhTV2dXNlRyTGJrZFJRaEZuMlRaV1dtanpjTjBqZGd6bDAyL0ZXYzJyTmRRZTVoVFU3Rk1DSzcxWAp1MFpERUMvTnlVNWk3aU9QZ1l0UDVaRE8zNVluMlRra2s1TDM1TVh2SGR6TWpRRy9BdzdNQVpoSlkrSnNyRVQ3CkI5aGR5dExnd0VBQ1VPWmVDOFFDOE5XYytQZzVsZ3o3Sk92d1hSa3VMMXFYUTBTQ1Z6SmtRVVJuMTNhemlxOEwKWFZJQmtJQllnZW9RVFIvUXRkcGFScFRYOVdZUjlTQkpIbU5NVUJNOSswUXNqTVJKM2pHdjN6YjF5bzNLMTkvaAoydHRuRzV0cGpyV21rZm41ODRETHVIVzVJRkR2OFBMS0hOaDFHNUVDa0FBZXJ5cUNBK05ORDI0V29FcTFBakhIClIwMFZVUjREc1NUenMvNE5IWTFYMDR6dG5IREMzWDF2Q3U5dTBUWG44a0JHOXlDZjkyTW1OcmtCM0dSOUVCbG4KajdSZUxsWVVFSE5sVUVVd3VlSlpMRm5oOUluUkVXZ01CRkxvbTNuYWoxU09EaFc0aG9tTCt6WEdwZ1g4czdDUgpmTHFXbHQxUW9pdHQ5K0dPZVhGS0twUjY2b0hkOTNXVzl3UytBVG40cEQyWFV4SmI4VXV1dFZDTytnRkloT3BvCjdoWmZDOGVjTXZkUnkwQWo2dE5naGlyUkF6V1RKR0VVOGlmRklZNDdoU21EMjQ3d09BSnpXZERacDhqT0I4VmQKaTFQZk9SbGEwZWVMa096QlMzU0lFNTUvSW9yTWN1VWZ4Um5EaE9jSkpZc0NBd0VBQWFOQ01FQXdEZ1lEVlIwUApBUUgvQkFRREFnS2tNQThHQTFVZEV3RUIvd1FGTUFNQkFmOHdIUVlEVlIwT0JCWUVGQ3E0blhhZUFpZVdPVTZaCmx6dGw3aDB0QVRFRU1BMEdDU3FHU0liM0RRRUJDd1VBQTRJQ0FRQ2JzYnlDYW5UemlOajZQa2NUbUdTcEpPWUIKQVh2andSUzRudEsvRVBaSmNvdzlLQzMvb0dHWUZWaXl4cjFDcTdhbXNHQUhmQk9GR0E0RzErUXpvVGU5ZzFTRAovWGFQcktucFhaTW8rRXRKUlVtVGFIeE1kcll2S3lvbU5hdDlsSDRVSGR3UytLejZWUC9Kbk5XK0h6M1BNYTZMCjFTK1pXUEd3b2NTMHBmdGZuelQ0V1diQkJnd1Rsb1VMbGg0ZWQybTVEZTIxRDRBQmZTTEJidFpZTVpEWTFzdFYKL25XR1hhMGxKM0s0LzM4enNpWmdESGN5TUFybGo4N3dDb1FrdTFhcnFmYlVCL3hyL1dLeWdwaTdFd2xlTExNWQpjejRqKzMzSjZ1QTdod0gzUWFldFZFb2Rzb09RZk9rQjFTR3hDQ3Z4REtjc3lweFVMNkNyTkpyQWJsUEg5TTVzCm5BV3doN1V1RHByZ1VuZExtVHZYMDI5YVdxbWlOQ2xtUnlYK1JGaFdPMDZ0OGNoZkp6b3BjL2N4UFQ2RC9hQTgKMnZKUXJTUmpRaXRaVnFSeG8wNUhwaStXNGJOVllpWThWaHlUTGEyZmpOWng3Z0o4VnRyV1FqaW9JSHREMjlONwpuajdmUXVZWWtEejlzcmxsU2U1UTdQekY4YzlOa1F3MWlRZ1crd1JYUW9PVTRwWnBSV1U1RTc1TFprZklzTWNnCi9nUEUrcXpQSjBQKy9rY0tQUi85WmZGNHlWSHY5TUE3Sm40RFFpZ2JuY0FEL0F1dVdkdXVUUEZCNno4UjVEMkcKdC9wUUEvdDJSMHI5ZEJBODhaZmFaSFdVUEF6YitROUx0bnAxdEYzTXBYNzR3ZGxjTmtNWkR6ZzhNTFlsNEt1UQpvV290M2lmT0hzckhGYW1mZUE9PQotLS0tLUVORCBDRVJUSUZJQ0FURS0tLS0tCg==\n    server: https://aks-8c3a52e5.hcp.westeurope.azmk8s.io:443\n  name: aks-cluster\ncontexts:\n- context:\n    cluster: aks-cluster\n    user: clusterUser_rg-aks-cluster-dev_aks-cluster\n  name: aks-cluster\ncurrent-context: aks-cluster\nkind: Config\npreferences: {}\nusers:\n- name: clusterUser_rg-aks-cluster-dev_aks-cluster\n  user:\n    auth-provider:\n      config:\n        apiserver-id: 6dae42f8-4368-4678-94ff-3960e28e3630\n        client-id: 80faf920-1908-4b52-b5ef-a8e7bedfc67a\n        config-mode: \"1\"\n        environment: AzurePublicCloud\n        tenant-id: 558506eb-9459-4ef3-b920-ad55c555e729\n      name: azure\n",
            "kubelet_identity": [
              {
                "client_id": "30d45aa4-b785-4490-8025-697af982319e",
                "object_id": "4231b6da-4915-486b-88ec-1fa611e5084a",
                "user_assigned_identity_id": "/subscriptions/17b12858-3960-4e6f-a663-a06fdae23428/resourceGroups/rg-aks-cluster-dev/providers/Microsoft.ManagedIdentity/userAssignedIdentities/aks-cluster-agentpool"
              }
            ],
            "kubernetes_version": "1.23.5",
            "linux_profile": [
              {
                "admin_username": "vmuser1",
                "ssh_key": [
                  {
                    "key_data": "ssh-rsa AAAAB3NzaC1yc2EAAAADAQABAAABAQClYpPcgxmq6/Dhe0oBvij3ta5P3roV1EFTSj0F/DuPC9NqW6IoMhDjVlXiNeGNQx5D2MfO5rgA0jiCCkrw8lwZv2+qqIKol6aDrYDLssqitkbK7yOMpCW1+IXBBpT6hkytJZ79He035QWEFfLFyHaWI1/Ti30We8kIk+y8AzJhAl0EOg70HVDF+tahLEhUUCEpIhGwW5nG7XLsh27TZS5244PWqfYAGarpZy3oa72kyRejsHErIWEfARXJhx0Ce2JnJe/G8vpwhExGeU+lbp9nch9JmZpapjdtgNgSm30oxYsQlw9A4yZU72exuOJn6FZa2cbRlcu++JK05fw5Gxph"
                  }
                ]
              }
            ],
            "local_account_disabled": true,
            "location": "westeurope",
            "maintenance_window": [
              {
                "allowed": [
                  {
                    "day": "Saturday",
                    "hours": [
                      2,
                      8
                    ]
                  }
                ],
                "not_allowed": []
              }
            ],
            "microsoft_defender": [],
            "name": "aks-cluster",
            "network_profile": [
              {
                "dns_service_ip": "10.0.0.10",
                "docker_bridge_cidr": "172.17.0.1/16",
                "ip_versions": [
                  "IPv4"
                ],
                "load_balancer_profile": [
                  {
                    "effective_outbound_ips": [
                      "/subscriptions/17b12858-3960-4e6f-a663-a06fdae23428/resourceGroups/rg-aks-cluster-dev-managed/providers/Microsoft.Network/publicIPAddresses/c3140dd6-1d90-4815-9afe-5324248619e5"
                    ],
                    "idle_timeout_in_minutes": 0,
                    "managed_outbound_ip_count": 1,
                    "outbound_ip_address_ids": [],
                    "outbound_ip_prefix_ids": [],
                    "outbound_ports_allocated": 0
                  }
                ],
                "load_balancer_sku": "standard",
                "nat_gateway_profile": [],
                "network_mode": "",
                "network_plugin": "azure",
                "network_policy": "calico",
                "outbound_type": "loadBalancer",
                "pod_cidr": "",
                "service_cidr": "10.0.0.0/16"
              }
            ],
            "node_resource_group": "rg-aks-cluster-dev-managed",
            "oidc_issuer_enabled": true,
            "oidc_issuer_url": "https://oidc.prod-aks.azure.com/6cc769da-e771-4570-ab06-51b30809812f/",
            "oms_agent": [],
            "open_service_mesh_enabled": true,
            "portal_fqdn": "aks-8c3a52e5.portal.hcp.westeurope.azmk8s.io",
            "private_cluster_enabled": false,
            "private_cluster_public_fqdn_enabled": false,
            "private_dns_zone_id": "",
            "private_fqdn": "",
            "public_network_access_enabled": true,
            "resource_group_name": "rg-aks-cluster-dev",
            "role_based_access_control_enabled": true,
            "run_command_enabled": true,
            "service_principal": [],
            "sku_tier": "Free",
            "tags": {
              "environment": "development",
              "source": "terraform"
            },
            "timeouts": null,
            "windows_profile": [
              {
                "admin_password": "",
                "admin_username": "azureuser",
                "license": ""
              }
            ]
          },
          "sensitive_attributes": [],
          "private": "eyJlMmJmYjczMC1lY2FhLTExZTYtOGY4OC0zNDM2M2JjN2M0YzAiOnsiY3JlYXRlIjo1NDAwMDAwMDAwMDAwLCJkZWxldGUiOjU0MDAwMDAwMDAwMDAsInJlYWQiOjMwMDAwMDAwMDAwMCwidXBkYXRlIjo1NDAwMDAwMDAwMDAwfSwic2NoZW1hX3ZlcnNpb24iOiIyIn0=",
          "dependencies": [
            "azurerm_application_gateway.appgw",
            "azurerm_public_ip.pip",
            "azurerm_resource_group.rg",
            "azurerm_subnet.subnetappgw",
            "azurerm_subnet.subnetnodes",
            "azurerm_subnet.subnetpods",
            "azurerm_user_assigned_identity.identity-aks",
            "azurerm_user_assigned_identity.identity-kubelet",
            "azurerm_virtual_network.vnet"
          ],
          "create_before_destroy": true
        }
      ]
    },
    {
      "mode": "managed",
      "type": "azurerm_kubernetes_cluster_node_pool",
      "name": "appspool",
      "provider": "provider[\"registry.terraform.io/hashicorp/azurerm\"]",
      "instances": [
        {
          "schema_version": 1,
          "attributes": {
            "enable_auto_scaling": true,
            "enable_host_encryption": false,
            "enable_node_public_ip": false,
            "eviction_policy": "",
            "fips_enabled": false,
            "id": "/subscriptions/17b12858-3960-4e6f-a663-a06fdae23428/resourceGroups/rg-aks-cluster-dev/providers/Microsoft.ContainerService/managedClusters/aks-cluster/agentPools/appspool",
            "kubelet_config": [],
            "kubelet_disk_type": "OS",
            "kubernetes_cluster_id": "/subscriptions/17b12858-3960-4e6f-a663-a06fdae23428/resourceGroups/rg-aks-cluster-dev/providers/Microsoft.ContainerService/managedClusters/aks-cluster",
            "linux_os_config": [],
            "max_count": 2,
            "max_pods": 110,
            "min_count": 1,
            "mode": "User",
            "name": "appspool",
            "node_count": 1,
            "node_labels": {},
            "node_public_ip_prefix_id": "",
            "node_taints": [],
            "orchestrator_version": "1.23.5",
            "os_disk_size_gb": 60,
            "os_disk_type": "Managed",
            "os_sku": "Ubuntu",
            "os_type": "Linux",
            "pod_subnet_id": "/subscriptions/17b12858-3960-4e6f-a663-a06fdae23428/resourceGroups/rg-aks-cluster-dev/providers/Microsoft.Network/virtualNetworks/vnet-spoke-aks/subnets/subnet-aks-pods",
            "priority": "Regular",
            "proximity_placement_group_id": "",
            "scale_down_mode": "Delete",
            "spot_max_price": -1,
            "tags": {
              "environment": "development",
              "source": "terraform"
            },
            "timeouts": null,
            "ultra_ssd_enabled": false,
            "upgrade_settings": [
              {
                "max_surge": "1"
              }
            ],
            "vm_size": "Standard_D2as_v5",
            "vnet_subnet_id": "/subscriptions/17b12858-3960-4e6f-a663-a06fdae23428/resourceGroups/rg-aks-cluster-dev/providers/Microsoft.Network/virtualNetworks/vnet-spoke-aks/subnets/subnet-aks-nodes",
            "workload_runtime": "",
            "zones": [
              "1",
              "2",
              "3"
            ]
          },
          "sensitive_attributes": [],
          "private": "eyJlMmJmYjczMC1lY2FhLTExZTYtOGY4OC0zNDM2M2JjN2M0YzAiOnsiY3JlYXRlIjozNjAwMDAwMDAwMDAwLCJkZWxldGUiOjM2MDAwMDAwMDAwMDAsInJlYWQiOjMwMDAwMDAwMDAwMCwidXBkYXRlIjozNjAwMDAwMDAwMDAwfSwic2NoZW1hX3ZlcnNpb24iOiIxIn0=",
          "dependencies": [
            "azurerm_application_gateway.appgw",
            "azurerm_kubernetes_cluster.aks",
            "azurerm_public_ip.pip",
            "azurerm_resource_group.rg",
            "azurerm_subnet.subnetappgw",
            "azurerm_subnet.subnetnodes",
            "azurerm_subnet.subnetpods",
            "azurerm_user_assigned_identity.identity-aks",
            "azurerm_user_assigned_identity.identity-kubelet",
            "azurerm_virtual_network.vnet"
          ]
        }
      ]
    },
    {
      "mode": "managed",
      "type": "azurerm_public_ip",
      "name": "pip",
      "provider": "provider[\"registry.terraform.io/hashicorp/azurerm\"]",
      "instances": [
        {
          "schema_version": 0,
          "attributes": {
            "allocation_method": "Static",
            "domain_name_label": null,
            "edge_zone": "",
            "fqdn": null,
            "id": "/subscriptions/17b12858-3960-4e6f-a663-a06fdae23428/resourceGroups/rg-aks-cluster-dev/providers/Microsoft.Network/publicIPAddresses/publicIp-appgw",
            "idle_timeout_in_minutes": 4,
            "ip_address": "40.68.162.156",
            "ip_tags": {},
            "ip_version": "IPv4",
            "location": "westeurope",
            "name": "publicIp-appgw",
            "public_ip_prefix_id": null,
            "resource_group_name": "rg-aks-cluster-dev",
            "reverse_fqdn": null,
            "sku": "Standard",
            "sku_tier": "Regional",
            "tags": {
              "environment": "development",
              "source": "terraform"
            },
            "timeouts": null,
            "zones": []
          },
          "sensitive_attributes": [],
          "private": "eyJlMmJmYjczMC1lY2FhLTExZTYtOGY4OC0zNDM2M2JjN2M0YzAiOnsiY3JlYXRlIjoxODAwMDAwMDAwMDAwLCJkZWxldGUiOjE4MDAwMDAwMDAwMDAsInJlYWQiOjMwMDAwMDAwMDAwMCwidXBkYXRlIjoxODAwMDAwMDAwMDAwfX0=",
          "dependencies": [
            "azurerm_resource_group.rg"
          ],
          "create_before_destroy": true
        }
      ]
    },
    {
      "mode": "managed",
      "type": "azurerm_resource_group",
      "name": "rg",
      "provider": "provider[\"registry.terraform.io/hashicorp/azurerm\"]",
      "instances": [
        {
          "schema_version": 0,
          "attributes": {
            "id": "/subscriptions/17b12858-3960-4e6f-a663-a06fdae23428/resourceGroups/rg-aks-cluster-dev",
            "location": "westeurope",
            "name": "rg-aks-cluster-dev",
            "tags": {},
            "timeouts": null
          },
          "sensitive_attributes": [],
          "private": "eyJlMmJmYjczMC1lY2FhLTExZTYtOGY4OC0zNDM2M2JjN2M0YzAiOnsiY3JlYXRlIjo1NDAwMDAwMDAwMDAwLCJkZWxldGUiOjU0MDAwMDAwMDAwMDAsInJlYWQiOjMwMDAwMDAwMDAwMCwidXBkYXRlIjo1NDAwMDAwMDAwMDAwfX0=",
          "create_before_destroy": true
        }
      ]
    },
    {
      "mode": "managed",
      "type": "azurerm_role_assignment",
      "name": "aks_mi_contributor_aks_rg",
      "provider": "provider[\"registry.terraform.io/hashicorp/azurerm\"]",
      "instances": [
        {
          "schema_version": 0,
          "attributes": {
            "condition": "",
            "condition_version": "",
            "delegated_managed_identity_resource_id": "",
            "description": "",
            "id": "/subscriptions/17b12858-3960-4e6f-a663-a06fdae23428/resourceGroups/rg-aks-cluster-dev/providers/Microsoft.Authorization/roleAssignments/f1aa7e2f-ce77-6ec7-1a3e-8ccc56104413",
            "name": "f1aa7e2f-ce77-6ec7-1a3e-8ccc56104413",
            "principal_id": "6ccac1da-4dba-4d34-bc4d-d29d42ec2ad9",
            "principal_type": "ServicePrincipal",
            "role_definition_id": "/subscriptions/17b12858-3960-4e6f-a663-a06fdae23428/providers/Microsoft.Authorization/roleDefinitions/b24988ac-6180-42a0-ab88-20f7382dd24c",
            "role_definition_name": "Contributor",
            "scope": "/subscriptions/17b12858-3960-4e6f-a663-a06fdae23428/resourceGroups/rg-aks-cluster-dev",
            "skip_service_principal_aad_check": true,
            "timeouts": null
          },
          "sensitive_attributes": [],
          "private": "eyJlMmJmYjczMC1lY2FhLTExZTYtOGY4OC0zNDM2M2JjN2M0YzAiOnsiY3JlYXRlIjoxODAwMDAwMDAwMDAwLCJkZWxldGUiOjE4MDAwMDAwMDAwMDAsInJlYWQiOjMwMDAwMDAwMDAwMCwidXBkYXRlIjoxODAwMDAwMDAwMDAwfX0=",
          "dependencies": [
            "azurerm_resource_group.rg",
            "azurerm_user_assigned_identity.identity-aks"
          ]
        }
      ]
    },
    {
      "mode": "managed",
      "type": "azurerm_role_assignment",
      "name": "aks_mi_network_contributor",
      "provider": "provider[\"registry.terraform.io/hashicorp/azurerm\"]",
      "instances": [
        {
          "schema_version": 0,
          "attributes": {
            "condition": "",
            "condition_version": "",
            "delegated_managed_identity_resource_id": "",
            "description": "",
            "id": "/subscriptions/17b12858-3960-4e6f-a663-a06fdae23428/resourceGroups/rg-aks-cluster-dev/providers/Microsoft.Network/virtualNetworks/vnet-spoke-aks/providers/Microsoft.Authorization/roleAssignments/607f3edf-925d-f90f-fbb2-c26d4e416965",
            "name": "607f3edf-925d-f90f-fbb2-c26d4e416965",
            "principal_id": "6ccac1da-4dba-4d34-bc4d-d29d42ec2ad9",
            "principal_type": "ServicePrincipal",
            "role_definition_id": "/subscriptions/17b12858-3960-4e6f-a663-a06fdae23428/providers/Microsoft.Authorization/roleDefinitions/4d97b98b-1d4f-4787-a291-c67834d212e7",
            "role_definition_name": "Network Contributor",
            "scope": "/subscriptions/17b12858-3960-4e6f-a663-a06fdae23428/resourceGroups/rg-aks-cluster-dev/providers/Microsoft.Network/virtualNetworks/vnet-spoke-aks",
            "skip_service_principal_aad_check": true,
            "timeouts": null
          },
          "sensitive_attributes": [],
          "private": "eyJlMmJmYjczMC1lY2FhLTExZTYtOGY4OC0zNDM2M2JjN2M0YzAiOnsiY3JlYXRlIjoxODAwMDAwMDAwMDAwLCJkZWxldGUiOjE4MDAwMDAwMDAwMDAsInJlYWQiOjMwMDAwMDAwMDAwMCwidXBkYXRlIjoxODAwMDAwMDAwMDAwfX0=",
          "dependencies": [
            "azurerm_resource_group.rg",
            "azurerm_user_assigned_identity.identity-aks",
            "azurerm_virtual_network.vnet"
          ]
        }
      ]
    },
    {
      "mode": "managed",
      "type": "azurerm_role_assignment",
      "name": "aks_mi_operator",
      "provider": "provider[\"registry.terraform.io/hashicorp/azurerm\"]",
      "instances": [
        {
          "schema_version": 0,
          "attributes": {
            "condition": "",
            "condition_version": "",
            "delegated_managed_identity_resource_id": "",
            "description": "",
            "id": "/subscriptions/17b12858-3960-4e6f-a663-a06fdae23428/resourceGroups/rg-aks-cluster-dev/providers/Microsoft.ManagedIdentity/userAssignedIdentities/aks-cluster-agentpool/providers/Microsoft.Authorization/roleAssignments/c78e9754-954d-e232-cd88-09c0e0c2ba91",
            "name": "c78e9754-954d-e232-cd88-09c0e0c2ba91",
            "principal_id": "6ccac1da-4dba-4d34-bc4d-d29d42ec2ad9",
            "principal_type": "ServicePrincipal",
            "role_definition_id": "/subscriptions/17b12858-3960-4e6f-a663-a06fdae23428/providers/Microsoft.Authorization/roleDefinitions/f1a07417-d97a-45cb-824c-7a7467783830",
            "role_definition_name": "Managed Identity Operator",
            "scope": "/subscriptions/17b12858-3960-4e6f-a663-a06fdae23428/resourceGroups/rg-aks-cluster-dev/providers/Microsoft.ManagedIdentity/userAssignedIdentities/aks-cluster-agentpool",
            "skip_service_principal_aad_check": true,
            "timeouts": null
          },
          "sensitive_attributes": [],
          "private": "eyJlMmJmYjczMC1lY2FhLTExZTYtOGY4OC0zNDM2M2JjN2M0YzAiOnsiY3JlYXRlIjoxODAwMDAwMDAwMDAwLCJkZWxldGUiOjE4MDAwMDAwMDAwMDAsInJlYWQiOjMwMDAwMDAwMDAwMCwidXBkYXRlIjoxODAwMDAwMDAwMDAwfX0=",
          "dependencies": [
            "azurerm_resource_group.rg",
            "azurerm_user_assigned_identity.identity-aks",
            "azurerm_user_assigned_identity.identity-kubelet"
          ]
        }
      ]
    },
    {
      "mode": "managed",
      "type": "azurerm_role_assignment",
      "name": "role-contributor",
      "provider": "provider[\"registry.terraform.io/hashicorp/azurerm\"]",
      "instances": [
        {
          "schema_version": 0,
          "attributes": {
            "condition": "",
            "condition_version": "",
            "delegated_managed_identity_resource_id": "",
            "description": "",
            "id": "/subscriptions/17b12858-3960-4e6f-a663-a06fdae23428/resourceGroups/rg-aks-cluster-dev/providers/Microsoft.Authorization/roleAssignments/addcf4d7-728b-5e62-66b1-9fd2cfd3d119",
            "name": "addcf4d7-728b-5e62-66b1-9fd2cfd3d119",
            "principal_id": "3f9597ee-223d-4f0b-afeb-1d104f1d154f",
            "principal_type": "ServicePrincipal",
            "role_definition_id": "/subscriptions/17b12858-3960-4e6f-a663-a06fdae23428/providers/Microsoft.Authorization/roleDefinitions/b24988ac-6180-42a0-ab88-20f7382dd24c",
            "role_definition_name": "Contributor",
            "scope": "/subscriptions/17b12858-3960-4e6f-a663-a06fdae23428/resourceGroups/rg-aks-cluster-dev",
            "skip_service_principal_aad_check": null,
            "timeouts": null
          },
          "sensitive_attributes": [],
          "private": "eyJlMmJmYjczMC1lY2FhLTExZTYtOGY4OC0zNDM2M2JjN2M0YzAiOnsiY3JlYXRlIjoxODAwMDAwMDAwMDAwLCJkZWxldGUiOjE4MDAwMDAwMDAwMDAsInJlYWQiOjMwMDAwMDAwMDAwMCwidXBkYXRlIjoxODAwMDAwMDAwMDAwfX0=",
          "dependencies": [
            "azurerm_application_gateway.appgw",
            "azurerm_kubernetes_cluster.aks",
            "azurerm_public_ip.pip",
            "azurerm_resource_group.rg",
            "azurerm_subnet.subnetappgw",
            "azurerm_subnet.subnetnodes",
            "azurerm_subnet.subnetpods",
            "azurerm_user_assigned_identity.identity-aks",
            "azurerm_user_assigned_identity.identity-kubelet",
            "azurerm_virtual_network.vnet"
          ]
        }
      ]
    },
    {
      "mode": "managed",
      "type": "azurerm_role_assignment",
      "name": "role-secret-officer",
      "provider": "provider[\"registry.terraform.io/hashicorp/azurerm\"]",
      "instances": [
        {
          "schema_version": 0,
          "attributes": {
            "condition": "",
            "condition_version": "",
            "delegated_managed_identity_resource_id": "",
            "description": "",
            "id": "/subscriptions/17b12858-3960-4e6f-a663-a06fdae23428/resourceGroups/rg-aks-cluster-dev/providers/Microsoft.KeyVault/vaults/kvforaks067/providers/Microsoft.Authorization/roleAssignments/35773952-7a01-352f-ae81-9583a906badb",
            "name": "35773952-7a01-352f-ae81-9583a906badb",
            "principal_id": "f97fc9ba-ebda-439e-825a-0e25801cb32c",
            "principal_type": "User",
            "role_definition_id": "/subscriptions/17b12858-3960-4e6f-a663-a06fdae23428/providers/Microsoft.Authorization/roleDefinitions/b86a8fe4-44ce-4948-aee5-eccb2c155cd7",
            "role_definition_name": "Key Vault Secrets Officer",
            "scope": "/subscriptions/17b12858-3960-4e6f-a663-a06fdae23428/resourceGroups/rg-aks-cluster-dev/providers/Microsoft.KeyVault/vaults/kvforaks067",
            "skip_service_principal_aad_check": null,
            "timeouts": null
          },
          "sensitive_attributes": [],
          "private": "eyJlMmJmYjczMC1lY2FhLTExZTYtOGY4OC0zNDM2M2JjN2M0YzAiOnsiY3JlYXRlIjoxODAwMDAwMDAwMDAwLCJkZWxldGUiOjE4MDAwMDAwMDAwMDAsInJlYWQiOjMwMDAwMDAwMDAwMCwidXBkYXRlIjoxODAwMDAwMDAwMDAwfX0=",
          "dependencies": [
            "azurerm_key_vault.kv",
            "azurerm_resource_group.rg",
            "data.azurerm_client_config.current"
          ]
        }
      ]
    },
    {
      "mode": "managed",
      "type": "azurerm_role_assignment",
      "name": "role-secret-user",
      "provider": "provider[\"registry.terraform.io/hashicorp/azurerm\"]",
      "instances": [
        {
          "schema_version": 0,
          "attributes": {
            "condition": "",
            "condition_version": "",
            "delegated_managed_identity_resource_id": "",
            "description": "",
            "id": "/subscriptions/17b12858-3960-4e6f-a663-a06fdae23428/resourceGroups/rg-aks-cluster-dev/providers/Microsoft.KeyVault/vaults/kvforaks067/secrets/database-password/providers/Microsoft.Authorization/roleAssignments/bf5af3fc-095d-0cc1-8f78-4e8d9d547fe7",
            "name": "bf5af3fc-095d-0cc1-8f78-4e8d9d547fe7",
            "principal_id": "a2a2ebea-6808-4765-869e-fa6af1169e3c",
            "principal_type": "ServicePrincipal",
            "role_definition_id": "/subscriptions/17b12858-3960-4e6f-a663-a06fdae23428/providers/Microsoft.Authorization/roleDefinitions/4633458b-17de-408a-b874-0445c86b69e6",
            "role_definition_name": "Key Vault Secrets User",
            "scope": "/subscriptions/17b12858-3960-4e6f-a663-a06fdae23428/resourceGroups/rg-aks-cluster-dev/providers/Microsoft.KeyVault/vaults/kvforaks067/secrets/database-password",
            "skip_service_principal_aad_check": null,
            "timeouts": null
          },
          "sensitive_attributes": [],
          "private": "eyJlMmJmYjczMC1lY2FhLTExZTYtOGY4OC0zNDM2M2JjN2M0YzAiOnsiY3JlYXRlIjoxODAwMDAwMDAwMDAwLCJkZWxldGUiOjE4MDAwMDAwMDAwMDAsInJlYWQiOjMwMDAwMDAwMDAwMCwidXBkYXRlIjoxODAwMDAwMDAwMDAwfX0=",
          "dependencies": [
            "azurerm_key_vault.kv",
            "azurerm_key_vault_secret.secret",
            "azurerm_kubernetes_cluster.aks",
            "azurerm_resource_group.rg",
            "azurerm_role_assignment.role-secret-officer",
            "data.azurerm_client_config.current"
          ]
        }
      ]
    },
    {
      "mode": "managed",
      "type": "azurerm_role_assignment",
      "name": "role_acrpull",
      "provider": "provider[\"registry.terraform.io/hashicorp/azurerm\"]",
      "instances": [
        {
          "schema_version": 0,
          "attributes": {
            "condition": "",
            "condition_version": "",
            "delegated_managed_identity_resource_id": "",
            "description": "",
            "id": "/subscriptions/17b12858-3960-4e6f-a663-a06fdae23428/resourceGroups/rg-aks-cluster-dev/providers/Microsoft.ContainerRegistry/registries/acrforakstf027/providers/Microsoft.Authorization/roleAssignments/adb29e1d-ddfe-5fec-42d6-e400db3304a0",
            "name": "adb29e1d-ddfe-5fec-42d6-e400db3304a0",
            "principal_id": "4231b6da-4915-486b-88ec-1fa611e5084a",
            "principal_type": "ServicePrincipal",
            "role_definition_id": "/subscriptions/17b12858-3960-4e6f-a663-a06fdae23428/providers/Microsoft.Authorization/roleDefinitions/7f951dda-4ed3-4680-a7ca-43fe172d538d",
            "role_definition_name": "AcrPull",
            "scope": "/subscriptions/17b12858-3960-4e6f-a663-a06fdae23428/resourceGroups/rg-aks-cluster-dev/providers/Microsoft.ContainerRegistry/registries/acrforakstf027",
            "skip_service_principal_aad_check": true,
            "timeouts": null
          },
          "sensitive_attributes": [],
          "private": "eyJlMmJmYjczMC1lY2FhLTExZTYtOGY4OC0zNDM2M2JjN2M0YzAiOnsiY3JlYXRlIjoxODAwMDAwMDAwMDAwLCJkZWxldGUiOjE4MDAwMDAwMDAwMDAsInJlYWQiOjMwMDAwMDAwMDAwMCwidXBkYXRlIjoxODAwMDAwMDAwMDAwfX0=",
          "dependencies": [
            "azurerm_container_registry.acr",
            "azurerm_resource_group.rg",
            "azurerm_user_assigned_identity.identity-kubelet"
          ]
        }
      ]
    },
    {
      "mode": "managed",
      "type": "azurerm_subnet",
      "name": "subnetappgw",
      "provider": "provider[\"registry.terraform.io/hashicorp/azurerm\"]",
      "instances": [
        {
          "schema_version": 0,
          "attributes": {
            "address_prefixes": [
              "10.1.0.0/16"
            ],
            "delegation": [],
            "enforce_private_link_endpoint_network_policies": false,
            "enforce_private_link_service_network_policies": false,
            "id": "/subscriptions/17b12858-3960-4e6f-a663-a06fdae23428/resourceGroups/rg-aks-cluster-dev/providers/Microsoft.Network/virtualNetworks/vnet-spoke-aks/subnets/subnet-appgw",
            "name": "subnet-appgw",
            "resource_group_name": "rg-aks-cluster-dev",
            "service_endpoint_policy_ids": [],
            "service_endpoints": [],
            "timeouts": null,
            "virtual_network_name": "vnet-spoke-aks"
          },
          "sensitive_attributes": [],
          "private": "eyJlMmJmYjczMC1lY2FhLTExZTYtOGY4OC0zNDM2M2JjN2M0YzAiOnsiY3JlYXRlIjoxODAwMDAwMDAwMDAwLCJkZWxldGUiOjE4MDAwMDAwMDAwMDAsInJlYWQiOjMwMDAwMDAwMDAwMCwidXBkYXRlIjoxODAwMDAwMDAwMDAwfX0=",
          "dependencies": [
            "azurerm_resource_group.rg",
            "azurerm_virtual_network.vnet"
          ],
          "create_before_destroy": true
        }
      ]
    },
    {
      "mode": "managed",
      "type": "azurerm_subnet",
      "name": "subnetnodes",
      "provider": "provider[\"registry.terraform.io/hashicorp/azurerm\"]",
      "instances": [
        {
          "schema_version": 0,
          "attributes": {
            "address_prefixes": [
              "10.241.0.0/16"
            ],
            "delegation": [],
            "enforce_private_link_endpoint_network_policies": false,
            "enforce_private_link_service_network_policies": false,
            "id": "/subscriptions/17b12858-3960-4e6f-a663-a06fdae23428/resourceGroups/rg-aks-cluster-dev/providers/Microsoft.Network/virtualNetworks/vnet-spoke-aks/subnets/subnet-aks-nodes",
            "name": "subnet-aks-nodes",
            "resource_group_name": "rg-aks-cluster-dev",
            "service_endpoint_policy_ids": [],
            "service_endpoints": [],
            "timeouts": null,
            "virtual_network_name": "vnet-spoke-aks"
          },
          "sensitive_attributes": [],
          "private": "eyJlMmJmYjczMC1lY2FhLTExZTYtOGY4OC0zNDM2M2JjN2M0YzAiOnsiY3JlYXRlIjoxODAwMDAwMDAwMDAwLCJkZWxldGUiOjE4MDAwMDAwMDAwMDAsInJlYWQiOjMwMDAwMDAwMDAwMCwidXBkYXRlIjoxODAwMDAwMDAwMDAwfX0=",
          "dependencies": [
            "azurerm_resource_group.rg",
            "azurerm_virtual_network.vnet"
          ],
          "create_before_destroy": true
        }
      ]
    },
    {
      "mode": "managed",
      "type": "azurerm_subnet",
      "name": "subnetpods",
      "provider": "provider[\"registry.terraform.io/hashicorp/azurerm\"]",
      "instances": [
        {
          "schema_version": 0,
          "attributes": {
            "address_prefixes": [
              "10.240.0.0/24"
            ],
            "delegation": [
              {
                "name": "aks-delegation",
                "service_delegation": [
                  {
                    "actions": [
                      "Microsoft.Network/virtualNetworks/subnets/join/action"
                    ],
                    "name": "Microsoft.ContainerService/managedClusters"
                  }
                ]
              }
            ],
            "enforce_private_link_endpoint_network_policies": false,
            "enforce_private_link_service_network_policies": false,
            "id": "/subscriptions/17b12858-3960-4e6f-a663-a06fdae23428/resourceGroups/rg-aks-cluster-dev/providers/Microsoft.Network/virtualNetworks/vnet-spoke-aks/subnets/subnet-aks-pods",
            "name": "subnet-aks-pods",
            "resource_group_name": "rg-aks-cluster-dev",
            "service_endpoint_policy_ids": [],
            "service_endpoints": [],
            "timeouts": null,
            "virtual_network_name": "vnet-spoke-aks"
          },
          "sensitive_attributes": [],
          "private": "eyJlMmJmYjczMC1lY2FhLTExZTYtOGY4OC0zNDM2M2JjN2M0YzAiOnsiY3JlYXRlIjoxODAwMDAwMDAwMDAwLCJkZWxldGUiOjE4MDAwMDAwMDAwMDAsInJlYWQiOjMwMDAwMDAwMDAwMCwidXBkYXRlIjoxODAwMDAwMDAwMDAwfX0=",
          "dependencies": [
            "azurerm_resource_group.rg",
            "azurerm_virtual_network.vnet"
          ],
          "create_before_destroy": true
        }
      ]
    },
    {
      "mode": "managed",
      "type": "azurerm_user_assigned_identity",
      "name": "identity-aks",
      "provider": "provider[\"registry.terraform.io/hashicorp/azurerm\"]",
      "instances": [
        {
          "schema_version": 1,
          "attributes": {
            "client_id": "c8de1aa9-0ac1-4e32-a9dc-0711ace9b525",
            "id": "/subscriptions/17b12858-3960-4e6f-a663-a06fdae23428/resourceGroups/rg-aks-cluster-dev/providers/Microsoft.ManagedIdentity/userAssignedIdentities/identity-aks",
            "location": "westeurope",
            "name": "identity-aks",
            "principal_id": "6ccac1da-4dba-4d34-bc4d-d29d42ec2ad9",
            "resource_group_name": "rg-aks-cluster-dev",
            "tags": {
              "environment": "development",
              "source": "terraform"
            },
            "tenant_id": "558506eb-9459-4ef3-b920-ad55c555e729",
            "timeouts": null
          },
          "sensitive_attributes": [],
          "private": "eyJlMmJmYjczMC1lY2FhLTExZTYtOGY4OC0zNDM2M2JjN2M0YzAiOnsiY3JlYXRlIjoxODAwMDAwMDAwMDAwLCJkZWxldGUiOjE4MDAwMDAwMDAwMDAsInJlYWQiOjMwMDAwMDAwMDAwMCwidXBkYXRlIjoxODAwMDAwMDAwMDAwfSwic2NoZW1hX3ZlcnNpb24iOiIxIn0=",
          "dependencies": [
            "azurerm_resource_group.rg"
          ],
          "create_before_destroy": true
        }
      ]
    },
    {
      "mode": "managed",
      "type": "azurerm_user_assigned_identity",
      "name": "identity-kubelet",
      "provider": "provider[\"registry.terraform.io/hashicorp/azurerm\"]",
      "instances": [
        {
          "schema_version": 1,
          "attributes": {
            "client_id": "30d45aa4-b785-4490-8025-697af982319e",
            "id": "/subscriptions/17b12858-3960-4e6f-a663-a06fdae23428/resourceGroups/rg-aks-cluster-dev/providers/Microsoft.ManagedIdentity/userAssignedIdentities/aks-cluster-agentpool",
            "location": "westeurope",
            "name": "aks-cluster-agentpool",
            "principal_id": "4231b6da-4915-486b-88ec-1fa611e5084a",
            "resource_group_name": "rg-aks-cluster-dev",
            "tags": {
              "environment": "development",
              "source": "terraform"
            },
            "tenant_id": "558506eb-9459-4ef3-b920-ad55c555e729",
            "timeouts": null
          },
          "sensitive_attributes": [],
          "private": "eyJlMmJmYjczMC1lY2FhLTExZTYtOGY4OC0zNDM2M2JjN2M0YzAiOnsiY3JlYXRlIjoxODAwMDAwMDAwMDAwLCJkZWxldGUiOjE4MDAwMDAwMDAwMDAsInJlYWQiOjMwMDAwMDAwMDAwMCwidXBkYXRlIjoxODAwMDAwMDAwMDAwfSwic2NoZW1hX3ZlcnNpb24iOiIxIn0=",
          "dependencies": [
            "azurerm_resource_group.rg"
          ],
          "create_before_destroy": true
        }
      ]
    },
    {
      "mode": "managed",
      "type": "azurerm_virtual_network",
      "name": "vnet",
      "provider": "provider[\"registry.terraform.io/hashicorp/azurerm\"]",
      "instances": [
        {
          "schema_version": 0,
          "attributes": {
            "address_space": [
              "10.0.0.0/8"
            ],
            "bgp_community": "",
            "ddos_protection_plan": [],
            "dns_servers": [],
            "edge_zone": "",
            "flow_timeout_in_minutes": 0,
            "guid": "82ca1925-d8c5-47bc-9b51-f7ac8c4ca428",
            "id": "/subscriptions/17b12858-3960-4e6f-a663-a06fdae23428/resourceGroups/rg-aks-cluster-dev/providers/Microsoft.Network/virtualNetworks/vnet-spoke-aks",
            "location": "westeurope",
            "name": "vnet-spoke-aks",
            "resource_group_name": "rg-aks-cluster-dev",
            "subnet": [
              {
                "address_prefix": "10.1.0.0/16",
                "id": "/subscriptions/17b12858-3960-4e6f-a663-a06fdae23428/resourceGroups/rg-aks-cluster-dev/providers/Microsoft.Network/virtualNetworks/vnet-spoke-aks/subnets/subnet-appgw",
                "name": "subnet-appgw",
                "security_group": ""
              },
              {
                "address_prefix": "10.240.0.0/24",
                "id": "/subscriptions/17b12858-3960-4e6f-a663-a06fdae23428/resourceGroups/rg-aks-cluster-dev/providers/Microsoft.Network/virtualNetworks/vnet-spoke-aks/subnets/subnet-aks-pods",
                "name": "subnet-aks-pods",
                "security_group": ""
              },
              {
                "address_prefix": "10.241.0.0/16",
                "id": "/subscriptions/17b12858-3960-4e6f-a663-a06fdae23428/resourceGroups/rg-aks-cluster-dev/providers/Microsoft.Network/virtualNetworks/vnet-spoke-aks/subnets/subnet-aks-nodes",
                "name": "subnet-aks-nodes",
                "security_group": ""
              }
            ],
            "tags": {
              "environment": "development",
              "source": "terraform"
            },
            "timeouts": null
          },
          "sensitive_attributes": [],
          "private": "eyJlMmJmYjczMC1lY2FhLTExZTYtOGY4OC0zNDM2M2JjN2M0YzAiOnsiY3JlYXRlIjoxODAwMDAwMDAwMDAwLCJkZWxldGUiOjE4MDAwMDAwMDAwMDAsInJlYWQiOjMwMDAwMDAwMDAwMCwidXBkYXRlIjoxODAwMDAwMDAwMDAwfX0=",
          "dependencies": [
            "azurerm_resource_group.rg"
          ],
          "create_before_destroy": true
        }
      ]
    }
  ]
}
