{
  "version": 4,
  "terraform_version": "1.2.8",
  "serial": 360,
  "lineage": "6d497197-de1c-65be-a8b2-84709ac3374a",
  "outputs": {
    "aks_private_zone_id": {
      "value": "Private cluster is disabled",
      "type": "string"
    },
    "aks_private_zone_name": {
      "value": "Private cluster is disabled",
      "type": "string"
    },
    "application_ip_address": {
      "value": "Application Gateway is disabled",
      "type": "string"
    },
    "kube_config": {
      "value": "apiVersion: v1\nclusters:\n- cluster:\n    certificate-authority-data: LS0tLS1CRUdJTiBDRVJUSUZJQ0FURS0tLS0tCk1JSUU2RENDQXRDZ0F3SUJBZ0lRQzlKVGc2K0lBVG0zYklNVzZ0azAxekFOQmdrcWhraUc5dzBCQVFzRkFEQU4KTVFzd0NRWURWUVFERXdKallUQWdGdzB5TWpBNU1UVXhOREkyTlRoYUdBOHlNRFV5TURreE5URTBNelkxT0ZvdwpEVEVMTUFrR0ExVUVBeE1DWTJFd2dnSWlNQTBHQ1NxR1NJYjNEUUVCQVFVQUE0SUNEd0F3Z2dJS0FvSUNBUUR1CkR0eTFGbHFtQmIvcmJKc1FNcWJHMk8zSWpNSmtmeFhNbTF2MlhvdUFTZzcwWVdXMTlWZkg0a2pXR2pqV3JmVWwKa1ZWbHVZOEJORWg4YnVRUm9IN2hMTys5eC9oR2NhRml0cVBxUXIvbmQyTTB4OG9lRjFydzFGaVFpMGJNaW5ldQphNUdrWTRkdTg0SHZ4b0Vpc1p1dDJWbnB3QjZMMHo0UlNYWlFtZjhzRjdKL0UrNmFFNEVyTjZtbW1CZnM5bGRUCjMvMzBic1NGWGIwQ3NBSFE5aGY0Mm9CTGlKeGdBUXNKRndXOHZTR2R6akNTRllwQUhtV0M2cG1tMVljdDlDa1QKdVBBU1Fudkc1SkI2OFNyaWtNUUhkU04vSmpRU3BwZ1VEamZ2M0J2ZU9rMEwwaktUa0psZUdVcW9kUGdmTUY1OAozdTBLcVEvQWxoVERob3d5a0JOQm9IcUkyOWw1YnYzS0VHRlNUa2hvNStKZzVnRG5Gb3A1a0h0Q3dsZTNlUU9vCjU0Z0V5cTdVZldPeDBuZFdTeUQvS0RuM2M1czRnT2JldVBZZC91QlpaQks2NXVSd0Q2QXZNYTdTamZlemN5bEoKMUluVlZiR1JZbDVFWUVjUGxVeGgrd3hRM3AwR21ZVWJ6L2VZSTJhWTJzRHpTaXdldkZiZ3lUcit1bkVYdm1GcApzZ2owZzNtRGt0N3p3cnc1WHUzdkJQNzVRaG9LUXdFUDFNQlVEL29RV1gzZmdkN3RjK1BHZjk4c3RSVksrWHZSCjhzT29YT0VINkJFWDBVWUtUNzNxMDZacGdHeGovTFRLakxQaXNMZW9ib3Z6dS9yZGtuMFlWaGVHSHc3ZXJqWGgKQnFtK1NTRmRIbXlFRlZpSWFTdEkwKzRIRmVJbUZrYk85ZCsrMWtqdTV3SURBUUFCbzBJd1FEQU9CZ05WSFE4QgpBZjhFQkFNQ0FxUXdEd1lEVlIwVEFRSC9CQVV3QXdFQi96QWRCZ05WSFE0RUZnUVU3Y0ZXOUp5OUMvWVRCbTZ4CmdVUjNzbUpTcStZd0RRWUpLb1pJaHZjTkFRRUxCUUFEZ2dJQkFHd0tqd2lTSXVJSGFpcFlyV1pQVDk1OGcvS0IKd0lURkhFSUxsTTlPc3JDUE81WWU3MlRFS1JiNVZ3YWFvSU92Tmdsd1BhS1EwU1VjY2dLalJxTVJ0MjVoMWNGbgpFdkx2eHB4NkJGV2ZjZ3R5ajBOYkg0cUd5UkR5Y1lhNkNQbVRBMGkrUWt6d2VMOTBOclBtZU9zOG96clM0d2NVCk5JQ0tKckh6VkZ4RDdDY05KYzQwWGZtQzZYRnJId0JGTEZDdUFiZmhFYm95NU5NOVE5bHUrSHBmdkNMMGtBZGQKQTROZlV0UWQ3Uy9TZGM3STRtQnZHRXVNQ21LWmgybkdQSVpwbm1jZUdMcEJnaVhwOUVCU0k2YldSVk5aWHp4cQpFbzlIaDAxSnlLK29mblJUQ25XbVp5RzQ1Z2ZUdWo2OHk5enVubExjTFViSEFBZitnNSszS013MklFbFZKWmZNClJkVDVJQkVxczljdXhNWkc2S3QzNHUrSmp0VGlkUEJaY043SmJCRkNJZ3lZT2VKWGJkTlhpb292TXUrWDg4QTkKS01RUGVnOXk0YmZHbkJmTWFTSW9ReFc1aDF6Vkt4OU9EL21adThoaHd0MmhjUzVXanN6NHRSVVd0TWZYNzhjVApNdzA5M2dxTmRTczlqbmg1SHY5MTZoT3hqcGtuVGE1Mmcrc05rbTZ3QWpGVFV2Y1VEdVN0UHJvMnJNWC93NFZKCnFQZEdSMExRN0dhK0dZZDhhMkp4UkxIVmN4NncrUDV1UmErZ1RlRHprNVBscnFTSThHRWQxTTZtWFoyTnJxbFcKcnJOc3R0UTBEbjVycU53RGVIRlhhWnZmc0JuMW0xU3d0MnRhT3lPT3p0dWNJV1VFdE5MYlI4YW1nU1B6NjZYWgpaWEkvRFpZOEI0RnZxWkIwCi0tLS0tRU5EIENFUlRJRklDQVRFLS0tLS0K\n    server: https://aks-921d520b.hcp.westeurope.azmk8s.io:443\n  name: aks-cluster\ncontexts:\n- context:\n    cluster: aks-cluster\n    user: clusterUser_rg-aks-cluster_aks-cluster\n  name: aks-cluster\ncurrent-context: aks-cluster\nkind: Config\npreferences: {}\nusers:\n- name: clusterUser_rg-aks-cluster_aks-cluster\n  user:\n    exec:\n      apiVersion: client.authentication.k8s.io/v1beta1\n      args:\n      - get-token\n      - --environment\n      - AzurePublicCloud\n      - --server-id\n      - 6dae42f8-4368-4678-94ff-3960e28e3630\n      - --client-id\n      - 80faf920-1908-4b52-b5ef-a8e7bedfc67a\n      - --tenant-id\n      - 558506eb-9459-4ef3-b920-ad55c555e729\n      - --login\n      - devicecode\n      command: kubelogin\n      env: null\n      provideClusterInfo: false\n",
      "type": "string",
      "sensitive": true
    },
    "resource_group_name": {
      "value": "rg-aks-cluster",
      "type": "string"
    }
  },
  "resources": [
    {
      "mode": "data",
      "type": "azuread_client_config",
      "name": "current",
      "provider": "provider[\"registry.terraform.io/hashicorp/azuread\"]",
      "instances": [
        {
          "schema_version": 0,
          "attributes": {
            "client_id": "04b07795-8ddb-461a-bbee-02f9e1bf7b46",
            "id": "558506eb-9459-4ef3-b920-ad55c555e729-04b07795-8ddb-461a-bbee-02f9e1bf7b46-f97fc9ba-ebda-439e-825a-0e25801cb32c",
            "object_id": "f97fc9ba-ebda-439e-825a-0e25801cb32c",
            "tenant_id": "558506eb-9459-4ef3-b920-ad55c555e729",
            "timeouts": null
          },
          "sensitive_attributes": []
        }
      ]
    },
    {
      "mode": "data",
      "type": "azuread_service_principal",
      "name": "aks_aad_server",
      "provider": "provider[\"registry.terraform.io/hashicorp/azuread\"]",
      "instances": [
        {
          "schema_version": 0,
          "attributes": {
            "account_enabled": true,
            "alternative_names": [],
            "app_role_assignment_required": false,
            "app_role_ids": {},
            "app_roles": [],
            "application_id": "6dae42f8-4368-4678-94ff-3960e28e3630",
            "application_tenant_id": "f8cdef31-a31e-4b4a-93e4-5f571e91255a",
            "description": "",
            "display_name": "Azure Kubernetes Service AAD Server",
            "feature_tags": [
              {
                "custom_single_sign_on": false,
                "enterprise": false,
                "gallery": false,
                "hide": false
              }
            ],
            "features": [
              {
                "custom_single_sign_on_app": false,
                "enterprise_application": false,
                "gallery_application": false,
                "visible_to_users": true
              }
            ],
            "homepage_url": "",
            "id": "5dc776ad-9525-4afd-ad24-334e21ad710e",
            "login_url": "",
            "logout_url": "",
            "notes": "",
            "notification_email_addresses": [],
            "oauth2_permission_scope_ids": {
              "user.read": "34a47c2f-cd0d-47b4-a93c-2c41130c671c"
            },
            "oauth2_permission_scopes": [
              {
                "admin_consent_description": "this allows to read user profile",
                "admin_consent_display_name": "user.read",
                "enabled": true,
                "id": "34a47c2f-cd0d-47b4-a93c-2c41130c671c",
                "type": "User",
                "user_consent_description": "this allows to read user profile",
                "user_consent_display_name": "user.read",
                "value": "user.read"
              }
            ],
            "object_id": "5dc776ad-9525-4afd-ad24-334e21ad710e",
            "preferred_single_sign_on_mode": "",
            "redirect_uris": [],
            "saml_metadata_url": "",
            "saml_single_sign_on": [],
            "service_principal_names": [
              "https://aks-aad-server.azure.com"
            ],
            "sign_in_audience": "AzureADMultipleOrgs",
            "tags": [],
            "timeouts": null,
            "type": "Application"
          },
          "sensitive_attributes": []
        }
      ]
    },
    {
      "mode": "data",
      "type": "azurerm_client_config",
      "name": "current",
      "provider": "provider[\"registry.terraform.io/hashicorp/azurerm\"]",
      "instances": [
        {
          "schema_version": 0,
          "attributes": {
            "client_id": "04b07795-8ddb-461a-bbee-02f9e1bf7b46",
            "id": "2022-09-19 10:05:23.6135786 +0000 UTC",
            "object_id": "f97fc9ba-ebda-439e-825a-0e25801cb32c",
            "subscription_id": "25a98a18-5e94-4b21-9d17-e8cf45bfd81f",
            "tenant_id": "558506eb-9459-4ef3-b920-ad55c555e729",
            "timeouts": null
          },
          "sensitive_attributes": []
        }
      ]
    },
    {
      "mode": "data",
      "type": "azurerm_kubernetes_service_versions",
      "name": "current",
      "provider": "provider[\"registry.terraform.io/hashicorp/azurerm\"]",
      "instances": [
        {
          "schema_version": 0,
          "attributes": {
            "id": "/subscriptions/25a98a18-5e94-4b21-9d17-e8cf45bfd81f/providers/Microsoft.ContainerService/locations/westeurope/orchestrators",
            "include_preview": true,
            "latest_version": "1.24.3",
            "location": "westeurope",
            "timeouts": null,
            "version_prefix": null,
            "versions": [
              "1.22.6",
              "1.22.11",
              "1.23.5",
              "1.23.8",
              "1.24.0",
              "1.24.3"
            ]
          },
          "sensitive_attributes": []
        }
      ]
    },
    {
      "mode": "data",
      "type": "azurerm_subscription",
      "name": "current",
      "provider": "provider[\"registry.terraform.io/hashicorp/azurerm\"]",
      "instances": [
        {
          "schema_version": 0,
          "attributes": {
            "display_name": "Microsoft-Azure-1",
            "id": "/subscriptions/25a98a18-5e94-4b21-9d17-e8cf45bfd81f",
            "location_placement_id": "Public_2014-09-01",
            "quota_id": "MSDN_2014-09-01",
            "spending_limit": "On",
            "state": "Enabled",
            "subscription_id": "25a98a18-5e94-4b21-9d17-e8cf45bfd81f",
            "tags": {
              "Department": "IT",
              "Environment": "PoC",
              "Owner": "DevOps-Team"
            },
            "tenant_id": "558506eb-9459-4ef3-b920-ad55c555e729",
            "timeouts": null
          },
          "sensitive_attributes": []
        }
      ]
    },
    {
      "mode": "managed",
      "type": "azuread_group",
      "name": "aks_admins",
      "provider": "provider[\"registry.terraform.io/hashicorp/azuread\"]",
      "instances": [
        {
          "schema_version": 0,
          "attributes": {
            "assignable_to_role": false,
            "auto_subscribe_new_members": false,
            "behaviors": [],
            "description": "",
            "display_name": "group_aks_admins",
            "dynamic_membership": [],
            "external_senders_allowed": false,
            "hide_from_address_lists": false,
            "hide_from_outlook_clients": false,
            "id": "f406e949-0faa-4d39-afc8-ee6ba86d4de7",
            "mail": "",
            "mail_enabled": false,
            "mail_nickname": "ef497bc2-a",
            "members": [
              "f97fc9ba-ebda-439e-825a-0e25801cb32c"
            ],
            "object_id": "f406e949-0faa-4d39-afc8-ee6ba86d4de7",
            "onpremises_domain_name": "",
            "onpremises_netbios_name": "",
            "onpremises_sam_account_name": "",
            "onpremises_security_identifier": "",
            "onpremises_sync_enabled": false,
            "owners": [
              "f97fc9ba-ebda-439e-825a-0e25801cb32c"
            ],
            "preferred_language": "",
            "prevent_duplicate_names": false,
            "provisioning_options": [],
            "proxy_addresses": [],
            "security_enabled": true,
            "theme": "",
            "timeouts": null,
            "types": [],
            "visibility": ""
          },
          "sensitive_attributes": [],
          "private": "eyJlMmJmYjczMC1lY2FhLTExZTYtOGY4OC0zNDM2M2JjN2M0YzAiOnsiY3JlYXRlIjoxMjAwMDAwMDAwMDAwLCJkZWxldGUiOjMwMDAwMDAwMDAwMCwicmVhZCI6MzAwMDAwMDAwMDAwLCJ1cGRhdGUiOjEyMDAwMDAwMDAwMDB9fQ==",
          "dependencies": [
            "data.azuread_client_config.current"
          ]
        }
      ]
    },
    {
      "mode": "managed",
      "type": "azurerm_container_registry",
      "name": "acr",
      "provider": "provider[\"registry.terraform.io/hashicorp/azurerm\"]",
      "instances": [
        {
          "schema_version": 2,
          "attributes": {
            "admin_enabled": false,
            "admin_password": "",
            "admin_username": "",
            "anonymous_pull_enabled": false,
            "data_endpoint_enabled": false,
            "encryption": [
              {
                "enabled": false,
                "identity_client_id": "",
                "key_vault_key_id": ""
              }
            ],
            "export_policy_enabled": true,
            "georeplications": [],
            "id": "/subscriptions/25a98a18-5e94-4b21-9d17-e8cf45bfd81f/resourceGroups/rg-aks-cluster/providers/Microsoft.ContainerRegistry/registries/acrforakstf0111",
            "identity": [],
            "location": "westeurope",
            "login_server": "acrforakstf0111.azurecr.io",
            "name": "acrforakstf0111",
            "network_rule_bypass_option": "AzureServices",
            "network_rule_set": [],
            "public_network_access_enabled": true,
            "quarantine_policy_enabled": false,
            "resource_group_name": "rg-aks-cluster",
            "retention_policy": [
              {
                "days": 7,
                "enabled": false
              }
            ],
            "sku": "Standard",
            "tags": {
              "environment": "development",
              "source": "terraform"
            },
            "timeouts": null,
            "trust_policy": [
              {
                "enabled": false
              }
            ],
            "zone_redundancy_enabled": false
          },
          "sensitive_attributes": [],
          "private": "eyJlMmJmYjczMC1lY2FhLTExZTYtOGY4OC0zNDM2M2JjN2M0YzAiOnsiY3JlYXRlIjoxODAwMDAwMDAwMDAwLCJkZWxldGUiOjE4MDAwMDAwMDAwMDAsInJlYWQiOjMwMDAwMDAwMDAwMCwidXBkYXRlIjoxODAwMDAwMDAwMDAwfSwic2NoZW1hX3ZlcnNpb24iOiIyIn0=",
          "dependencies": [
            "azurerm_resource_group.rg"
          ]
        }
      ]
    },
    {
      "mode": "managed",
      "type": "azurerm_kubernetes_cluster",
      "name": "aks",
      "provider": "provider[\"registry.terraform.io/hashicorp/azurerm\"]",
      "instances": [
        {
          "schema_version": 2,
          "attributes": {
            "aci_connector_linux": [],
            "api_server_authorized_ip_ranges": [],
            "auto_scaler_profile": [
              {
                "balance_similar_node_groups": false,
                "empty_bulk_delete_max": "10",
                "expander": "random",
                "max_graceful_termination_sec": "600",
                "max_node_provisioning_time": "15m",
                "max_unready_nodes": 3,
                "max_unready_percentage": 45,
                "new_pod_scale_up_delay": "0s",
                "scale_down_delay_after_add": "10m",
                "scale_down_delay_after_delete": "10s",
                "scale_down_delay_after_failure": "3m",
                "scale_down_unneeded": "10m",
                "scale_down_unready": "20m",
                "scale_down_utilization_threshold": "0.5",
                "scan_interval": "10s",
                "skip_nodes_with_local_storage": false,
                "skip_nodes_with_system_pods": true
              }
            ],
            "automatic_channel_upgrade": "",
            "azure_active_directory_role_based_access_control": [
              {
                "admin_group_object_ids": [
                  "f406e949-0faa-4d39-afc8-ee6ba86d4de7"
                ],
                "azure_rbac_enabled": true,
                "client_app_id": "",
                "managed": true,
                "server_app_id": "",
                "server_app_secret": "",
                "tenant_id": "558506eb-9459-4ef3-b920-ad55c555e729"
              }
            ],
            "azure_policy_enabled": true,
            "default_node_pool": [
              {
                "capacity_reservation_group_id": "",
                "enable_auto_scaling": true,
                "enable_host_encryption": false,
                "enable_node_public_ip": false,
                "fips_enabled": false,
                "host_group_id": "",
                "kubelet_config": [],
                "kubelet_disk_type": "OS",
                "linux_os_config": [],
                "max_count": 3,
                "max_pods": 110,
                "min_count": 1,
                "name": "poolsystem",
                "node_count": 1,
                "node_labels": {},
                "node_public_ip_prefix_id": "",
                "node_taints": [],
                "only_critical_addons_enabled": true,
                "orchestrator_version": "1.24.3",
                "os_disk_size_gb": 40,
                "os_disk_type": "Ephemeral",
                "os_sku": "Ubuntu",
                "pod_subnet_id": "/subscriptions/25a98a18-5e94-4b21-9d17-e8cf45bfd81f/resourceGroups/rg-aks-cluster/providers/Microsoft.Network/virtualNetworks/vnet-spoke-aks/subnets/subnet-aks-pods",
                "proximity_placement_group_id": "",
                "tags": {
                  "environment": "development",
                  "source": "terraform"
                },
                "type": "VirtualMachineScaleSets",
                "ultra_ssd_enabled": false,
                "upgrade_settings": [],
                "vm_size": "Standard_D2ds_v5",
                "vnet_subnet_id": "/subscriptions/25a98a18-5e94-4b21-9d17-e8cf45bfd81f/resourceGroups/rg-aks-cluster/providers/Microsoft.Network/virtualNetworks/vnet-spoke-aks/subnets/subnet-aks-nodes",
                "zones": [
                  "1",
                  "2",
                  "3"
                ]
              }
            ],
            "disk_encryption_set_id": "",
            "dns_prefix": "aks",
            "dns_prefix_private_cluster": "",
            "enable_pod_security_policy": false,
            "fqdn": "aks-921d520b.hcp.westeurope.azmk8s.io",
            "http_application_routing_enabled": false,
            "http_application_routing_zone_name": "",
            "http_proxy_config": [],
            "id": "/subscriptions/25a98a18-5e94-4b21-9d17-e8cf45bfd81f/resourceGroups/rg-aks-cluster/providers/Microsoft.ContainerService/managedClusters/aks-cluster",
            "identity": [
              {
                "identity_ids": [
                  "/subscriptions/25a98a18-5e94-4b21-9d17-e8cf45bfd81f/resourceGroups/rg-aks-cluster/providers/Microsoft.ManagedIdentity/userAssignedIdentities/identity-aks"
                ],
                "principal_id": "",
                "tenant_id": "",
                "type": "UserAssigned"
              }
            ],
            "ingress_application_gateway": [],
            "key_vault_secrets_provider": [
              {
                "secret_identity": [
                  {
                    "client_id": "ac30f652-8580-4f92-9287-3f67f775a94f",
                    "object_id": "a2192cb0-134d-4701-a1d9-014de4177d67",
                    "user_assigned_identity_id": "/subscriptions/25a98a18-5e94-4b21-9d17-e8cf45bfd81f/resourcegroups/rg-aks-cluster-managed/providers/Microsoft.ManagedIdentity/userAssignedIdentities/azurekeyvaultsecretsprovider-aks-cluster"
                  }
                ],
                "secret_rotation_enabled": true,
                "secret_rotation_interval": "2m"
              }
            ],
            "kube_admin_config": [],
            "kube_admin_config_raw": "",
            "kube_config": [],
            "kube_config_raw": "apiVersion: v1\nclusters:\n- cluster:\n    certificate-authority-data: LS0tLS1CRUdJTiBDRVJUSUZJQ0FURS0tLS0tCk1JSUU2RENDQXRDZ0F3SUJBZ0lRQzlKVGc2K0lBVG0zYklNVzZ0azAxekFOQmdrcWhraUc5dzBCQVFzRkFEQU4KTVFzd0NRWURWUVFERXdKallUQWdGdzB5TWpBNU1UVXhOREkyTlRoYUdBOHlNRFV5TURreE5URTBNelkxT0ZvdwpEVEVMTUFrR0ExVUVBeE1DWTJFd2dnSWlNQTBHQ1NxR1NJYjNEUUVCQVFVQUE0SUNEd0F3Z2dJS0FvSUNBUUR1CkR0eTFGbHFtQmIvcmJKc1FNcWJHMk8zSWpNSmtmeFhNbTF2MlhvdUFTZzcwWVdXMTlWZkg0a2pXR2pqV3JmVWwKa1ZWbHVZOEJORWg4YnVRUm9IN2hMTys5eC9oR2NhRml0cVBxUXIvbmQyTTB4OG9lRjFydzFGaVFpMGJNaW5ldQphNUdrWTRkdTg0SHZ4b0Vpc1p1dDJWbnB3QjZMMHo0UlNYWlFtZjhzRjdKL0UrNmFFNEVyTjZtbW1CZnM5bGRUCjMvMzBic1NGWGIwQ3NBSFE5aGY0Mm9CTGlKeGdBUXNKRndXOHZTR2R6akNTRllwQUhtV0M2cG1tMVljdDlDa1QKdVBBU1Fudkc1SkI2OFNyaWtNUUhkU04vSmpRU3BwZ1VEamZ2M0J2ZU9rMEwwaktUa0psZUdVcW9kUGdmTUY1OAozdTBLcVEvQWxoVERob3d5a0JOQm9IcUkyOWw1YnYzS0VHRlNUa2hvNStKZzVnRG5Gb3A1a0h0Q3dsZTNlUU9vCjU0Z0V5cTdVZldPeDBuZFdTeUQvS0RuM2M1czRnT2JldVBZZC91QlpaQks2NXVSd0Q2QXZNYTdTamZlemN5bEoKMUluVlZiR1JZbDVFWUVjUGxVeGgrd3hRM3AwR21ZVWJ6L2VZSTJhWTJzRHpTaXdldkZiZ3lUcit1bkVYdm1GcApzZ2owZzNtRGt0N3p3cnc1WHUzdkJQNzVRaG9LUXdFUDFNQlVEL29RV1gzZmdkN3RjK1BHZjk4c3RSVksrWHZSCjhzT29YT0VINkJFWDBVWUtUNzNxMDZacGdHeGovTFRLakxQaXNMZW9ib3Z6dS9yZGtuMFlWaGVHSHc3ZXJqWGgKQnFtK1NTRmRIbXlFRlZpSWFTdEkwKzRIRmVJbUZrYk85ZCsrMWtqdTV3SURBUUFCbzBJd1FEQU9CZ05WSFE4QgpBZjhFQkFNQ0FxUXdEd1lEVlIwVEFRSC9CQVV3QXdFQi96QWRCZ05WSFE0RUZnUVU3Y0ZXOUp5OUMvWVRCbTZ4CmdVUjNzbUpTcStZd0RRWUpLb1pJaHZjTkFRRUxCUUFEZ2dJQkFHd0tqd2lTSXVJSGFpcFlyV1pQVDk1OGcvS0IKd0lURkhFSUxsTTlPc3JDUE81WWU3MlRFS1JiNVZ3YWFvSU92Tmdsd1BhS1EwU1VjY2dLalJxTVJ0MjVoMWNGbgpFdkx2eHB4NkJGV2ZjZ3R5ajBOYkg0cUd5UkR5Y1lhNkNQbVRBMGkrUWt6d2VMOTBOclBtZU9zOG96clM0d2NVCk5JQ0tKckh6VkZ4RDdDY05KYzQwWGZtQzZYRnJId0JGTEZDdUFiZmhFYm95NU5NOVE5bHUrSHBmdkNMMGtBZGQKQTROZlV0UWQ3Uy9TZGM3STRtQnZHRXVNQ21LWmgybkdQSVpwbm1jZUdMcEJnaVhwOUVCU0k2YldSVk5aWHp4cQpFbzlIaDAxSnlLK29mblJUQ25XbVp5RzQ1Z2ZUdWo2OHk5enVubExjTFViSEFBZitnNSszS013MklFbFZKWmZNClJkVDVJQkVxczljdXhNWkc2S3QzNHUrSmp0VGlkUEJaY043SmJCRkNJZ3lZT2VKWGJkTlhpb292TXUrWDg4QTkKS01RUGVnOXk0YmZHbkJmTWFTSW9ReFc1aDF6Vkt4OU9EL21adThoaHd0MmhjUzVXanN6NHRSVVd0TWZYNzhjVApNdzA5M2dxTmRTczlqbmg1SHY5MTZoT3hqcGtuVGE1Mmcrc05rbTZ3QWpGVFV2Y1VEdVN0UHJvMnJNWC93NFZKCnFQZEdSMExRN0dhK0dZZDhhMkp4UkxIVmN4NncrUDV1UmErZ1RlRHprNVBscnFTSThHRWQxTTZtWFoyTnJxbFcKcnJOc3R0UTBEbjVycU53RGVIRlhhWnZmc0JuMW0xU3d0MnRhT3lPT3p0dWNJV1VFdE5MYlI4YW1nU1B6NjZYWgpaWEkvRFpZOEI0RnZxWkIwCi0tLS0tRU5EIENFUlRJRklDQVRFLS0tLS0K\n    server: https://aks-921d520b.hcp.westeurope.azmk8s.io:443\n  name: aks-cluster\ncontexts:\n- context:\n    cluster: aks-cluster\n    user: clusterUser_rg-aks-cluster_aks-cluster\n  name: aks-cluster\ncurrent-context: aks-cluster\nkind: Config\npreferences: {}\nusers:\n- name: clusterUser_rg-aks-cluster_aks-cluster\n  user:\n    exec:\n      apiVersion: client.authentication.k8s.io/v1beta1\n      args:\n      - get-token\n      - --environment\n      - AzurePublicCloud\n      - --server-id\n      - 6dae42f8-4368-4678-94ff-3960e28e3630\n      - --client-id\n      - 80faf920-1908-4b52-b5ef-a8e7bedfc67a\n      - --tenant-id\n      - 558506eb-9459-4ef3-b920-ad55c555e729\n      - --login\n      - devicecode\n      command: kubelogin\n      env: null\n      provideClusterInfo: false\n",
            "kubelet_identity": [
              {
                "client_id": "3d5e4c5e-1830-475a-a41e-08afbbc6b317",
                "object_id": "90c3bb34-effd-4596-81a9-a9065f3ebefb",
                "user_assigned_identity_id": "/subscriptions/25a98a18-5e94-4b21-9d17-e8cf45bfd81f/resourceGroups/rg-aks-cluster/providers/Microsoft.ManagedIdentity/userAssignedIdentities/aks-cluster-agentpool"
              }
            ],
            "kubernetes_version": "1.24.3",
            "linux_profile": [],
            "local_account_disabled": true,
            "location": "westeurope",
            "maintenance_window": [
              {
                "allowed": [
                  {
                    "day": "Saturday",
                    "hours": [
                      2,
                      8
                    ]
                  }
                ],
                "not_allowed": []
              }
            ],
            "microsoft_defender": [],
            "name": "aks-cluster",
            "network_profile": [
              {
                "dns_service_ip": "10.0.0.10",
                "docker_bridge_cidr": "172.17.0.1/16",
                "ip_versions": [
                  "IPv4"
                ],
                "load_balancer_profile": [
                  {
                    "effective_outbound_ips": [
                      "/subscriptions/25a98a18-5e94-4b21-9d17-e8cf45bfd81f/resourceGroups/rg-aks-cluster-managed/providers/Microsoft.Network/publicIPAddresses/13082f03-1536-4622-978e-0109cd60de92",
                      "/subscriptions/25a98a18-5e94-4b21-9d17-e8cf45bfd81f/resourceGroups/rg-aks-cluster-managed/providers/Microsoft.Network/publicIPAddresses/f05d5695-6bf9-4a4e-8ff1-08fa1f86bf4b"
                    ],
                    "idle_timeout_in_minutes": 30,
                    "managed_outbound_ip_count": 2,
                    "outbound_ip_address_ids": [],
                    "outbound_ip_prefix_ids": [],
                    "outbound_ports_allocated": 0
                  }
                ],
                "load_balancer_sku": "standard",
                "nat_gateway_profile": [],
                "network_mode": "",
                "network_plugin": "azure",
                "network_policy": "calico",
                "outbound_type": "loadBalancer",
                "pod_cidr": "",
                "service_cidr": "10.0.0.0/16"
              }
            ],
            "node_resource_group": "rg-aks-cluster-managed",
            "oidc_issuer_enabled": true,
            "oidc_issuer_url": "https://oidc.prod-aks.azure.com/c91f7258-faa0-4b9b-b10e-e3eb4914d1bd/",
            "oms_agent": [],
            "open_service_mesh_enabled": true,
            "portal_fqdn": "aks-921d520b.portal.hcp.westeurope.azmk8s.io",
            "private_cluster_enabled": false,
            "private_cluster_public_fqdn_enabled": false,
            "private_dns_zone_id": "",
            "private_fqdn": "",
            "public_network_access_enabled": true,
            "resource_group_name": "rg-aks-cluster",
            "role_based_access_control_enabled": true,
            "run_command_enabled": true,
            "service_principal": [],
            "sku_tier": "Free",
            "tags": {
              "environment": "development",
              "source": "terraform"
            },
            "timeouts": null,
            "windows_profile": [
              {
                "admin_password": "",
                "admin_username": "azureuser",
                "license": ""
              }
            ]
          },
          "sensitive_attributes": [],
          "private": "eyJlMmJmYjczMC1lY2FhLTExZTYtOGY4OC0zNDM2M2JjN2M0YzAiOnsiY3JlYXRlIjo1NDAwMDAwMDAwMDAwLCJkZWxldGUiOjU0MDAwMDAwMDAwMDAsInJlYWQiOjMwMDAwMDAwMDAwMCwidXBkYXRlIjo1NDAwMDAwMDAwMDAwfSwic2NoZW1hX3ZlcnNpb24iOiIyIn0=",
          "dependencies": [
            "azuread_group.aks_admins",
            "azurerm_application_gateway.appgw",
            "azurerm_log_analytics_workspace.workspace",
            "azurerm_private_dns_zone.private_dns_aks",
            "azurerm_resource_group.rg",
            "azurerm_subnet.subnetnodes",
            "azurerm_subnet.subnetpods",
            "azurerm_user_assigned_identity.identity-aks",
            "azurerm_user_assigned_identity.identity-kubelet",
            "azurerm_virtual_network.vnet",
            "data.azurerm_subscription.current"
          ]
        }
      ]
    },
    {
      "mode": "managed",
      "type": "azurerm_kubernetes_cluster_node_pool",
      "name": "poolapps",
      "provider": "provider[\"registry.terraform.io/hashicorp/azurerm\"]",
      "instances": [
        {
          "schema_version": 1,
          "attributes": {
            "capacity_reservation_group_id": "",
            "enable_auto_scaling": true,
            "enable_host_encryption": false,
            "enable_node_public_ip": false,
            "eviction_policy": "",
            "fips_enabled": false,
            "host_group_id": "",
            "id": "/subscriptions/25a98a18-5e94-4b21-9d17-e8cf45bfd81f/resourceGroups/rg-aks-cluster/providers/Microsoft.ContainerService/managedClusters/aks-cluster/agentPools/poolapps",
            "kubelet_config": [],
            "kubelet_disk_type": "OS",
            "kubernetes_cluster_id": "/subscriptions/25a98a18-5e94-4b21-9d17-e8cf45bfd81f/resourceGroups/rg-aks-cluster/providers/Microsoft.ContainerService/managedClusters/aks-cluster",
            "linux_os_config": [],
            "max_count": 5,
            "max_pods": 110,
            "min_count": 1,
            "mode": "User",
            "name": "poolapps",
            "node_count": 4,
            "node_labels": {},
            "node_public_ip_prefix_id": "",
            "node_taints": [],
            "orchestrator_version": "1.24.3",
            "os_disk_size_gb": 60,
            "os_disk_type": "Ephemeral",
            "os_sku": "Ubuntu",
            "os_type": "Linux",
            "pod_subnet_id": "/subscriptions/25a98a18-5e94-4b21-9d17-e8cf45bfd81f/resourceGroups/rg-aks-cluster/providers/Microsoft.Network/virtualNetworks/vnet-spoke-aks/subnets/subnet-aks-pods",
            "priority": "Regular",
            "proximity_placement_group_id": "",
            "scale_down_mode": "Delete",
            "spot_max_price": -1,
            "tags": {
              "environment": "development",
              "source": "terraform"
            },
            "timeouts": null,
            "ultra_ssd_enabled": false,
            "upgrade_settings": [
              {
                "max_surge": "3"
              }
            ],
            "vm_size": "Standard_D4pls_v5",
            "vnet_subnet_id": "/subscriptions/25a98a18-5e94-4b21-9d17-e8cf45bfd81f/resourceGroups/rg-aks-cluster/providers/Microsoft.Network/virtualNetworks/vnet-spoke-aks/subnets/subnet-aks-nodes",
            "workload_runtime": "",
            "zones": [
              "1",
              "2",
              "3"
            ]
          },
          "sensitive_attributes": [],
          "private": "eyJlMmJmYjczMC1lY2FhLTExZTYtOGY4OC0zNDM2M2JjN2M0YzAiOnsiY3JlYXRlIjozNjAwMDAwMDAwMDAwLCJkZWxldGUiOjM2MDAwMDAwMDAwMDAsInJlYWQiOjMwMDAwMDAwMDAwMCwidXBkYXRlIjozNjAwMDAwMDAwMDAwfSwic2NoZW1hX3ZlcnNpb24iOiIxIn0=",
          "dependencies": [
            "azuread_group.aks_admins",
            "azurerm_application_gateway.appgw",
            "azurerm_kubernetes_cluster.aks",
            "azurerm_log_analytics_workspace.workspace",
            "azurerm_private_dns_zone.private_dns_aks",
            "azurerm_public_ip.pip",
            "azurerm_resource_group.rg",
            "azurerm_subnet.subnetappgw",
            "azurerm_subnet.subnetnodes",
            "azurerm_subnet.subnetpods",
            "azurerm_user_assigned_identity.identity-aks",
            "azurerm_user_assigned_identity.identity-kubelet",
            "azurerm_virtual_network.vnet",
            "data.azuread_client_config.current",
            "data.azurerm_subscription.current"
          ]
        }
      ]
    },
    {
      "mode": "managed",
      "type": "azurerm_resource_group",
      "name": "rg",
      "provider": "provider[\"registry.terraform.io/hashicorp/azurerm\"]",
      "instances": [
        {
          "schema_version": 0,
          "attributes": {
            "id": "/subscriptions/25a98a18-5e94-4b21-9d17-e8cf45bfd81f/resourceGroups/rg-aks-cluster",
            "location": "westeurope",
            "name": "rg-aks-cluster",
            "tags": {
              "environment": "development",
              "source": "terraform"
            },
            "timeouts": null
          },
          "sensitive_attributes": [],
          "private": "eyJlMmJmYjczMC1lY2FhLTExZTYtOGY4OC0zNDM2M2JjN2M0YzAiOnsiY3JlYXRlIjo1NDAwMDAwMDAwMDAwLCJkZWxldGUiOjU0MDAwMDAwMDAwMDAsInJlYWQiOjMwMDAwMDAwMDAwMCwidXBkYXRlIjo1NDAwMDAwMDAwMDAwfX0=",
          "create_before_destroy": true
        }
      ]
    },
    {
      "mode": "managed",
      "type": "azurerm_role_assignment",
      "name": "aks_mi_contributor_aks_rg",
      "provider": "provider[\"registry.terraform.io/hashicorp/azurerm\"]",
      "instances": [
        {
          "schema_version": 0,
          "attributes": {
            "condition": "",
            "condition_version": "",
            "delegated_managed_identity_resource_id": "",
            "description": "",
            "id": "/subscriptions/25a98a18-5e94-4b21-9d17-e8cf45bfd81f/resourceGroups/rg-aks-cluster/providers/Microsoft.Authorization/roleAssignments/d943ee48-32bf-1e5c-9586-6e4e1f1765fc",
            "name": "d943ee48-32bf-1e5c-9586-6e4e1f1765fc",
            "principal_id": "0d9a17a9-74f7-42a8-a8b2-846b0d52cd9b",
            "principal_type": "ServicePrincipal",
            "role_definition_id": "/subscriptions/25a98a18-5e94-4b21-9d17-e8cf45bfd81f/providers/Microsoft.Authorization/roleDefinitions/b24988ac-6180-42a0-ab88-20f7382dd24c",
            "role_definition_name": "Contributor",
            "scope": "/subscriptions/25a98a18-5e94-4b21-9d17-e8cf45bfd81f/resourceGroups/rg-aks-cluster",
            "skip_service_principal_aad_check": true,
            "timeouts": null
          },
          "sensitive_attributes": [],
          "private": "eyJlMmJmYjczMC1lY2FhLTExZTYtOGY4OC0zNDM2M2JjN2M0YzAiOnsiY3JlYXRlIjoxODAwMDAwMDAwMDAwLCJkZWxldGUiOjE4MDAwMDAwMDAwMDAsInJlYWQiOjMwMDAwMDAwMDAwMCwidXBkYXRlIjoxODAwMDAwMDAwMDAwfX0=",
          "dependencies": [
            "azurerm_resource_group.rg",
            "azurerm_user_assigned_identity.identity-aks"
          ]
        }
      ]
    },
    {
      "mode": "managed",
      "type": "azurerm_role_assignment",
      "name": "aks_mi_network_contributor",
      "provider": "provider[\"registry.terraform.io/hashicorp/azurerm\"]",
      "instances": [
        {
          "schema_version": 0,
          "attributes": {
            "condition": "",
            "condition_version": "",
            "delegated_managed_identity_resource_id": "",
            "description": "",
            "id": "/subscriptions/25a98a18-5e94-4b21-9d17-e8cf45bfd81f/resourceGroups/rg-aks-cluster/providers/Microsoft.Network/virtualNetworks/vnet-spoke-aks/providers/Microsoft.Authorization/roleAssignments/207bcf2e-ab8a-39f6-bbd9-cf0bab0ea44d",
            "name": "207bcf2e-ab8a-39f6-bbd9-cf0bab0ea44d",
            "principal_id": "0d9a17a9-74f7-42a8-a8b2-846b0d52cd9b",
            "principal_type": "ServicePrincipal",
            "role_definition_id": "/subscriptions/25a98a18-5e94-4b21-9d17-e8cf45bfd81f/providers/Microsoft.Authorization/roleDefinitions/4d97b98b-1d4f-4787-a291-c67834d212e7",
            "role_definition_name": "Network Contributor",
            "scope": "/subscriptions/25a98a18-5e94-4b21-9d17-e8cf45bfd81f/resourceGroups/rg-aks-cluster/providers/Microsoft.Network/virtualNetworks/vnet-spoke-aks",
            "skip_service_principal_aad_check": true,
            "timeouts": null
          },
          "sensitive_attributes": [],
          "private": "eyJlMmJmYjczMC1lY2FhLTExZTYtOGY4OC0zNDM2M2JjN2M0YzAiOnsiY3JlYXRlIjoxODAwMDAwMDAwMDAwLCJkZWxldGUiOjE4MDAwMDAwMDAwMDAsInJlYWQiOjMwMDAwMDAwMDAwMCwidXBkYXRlIjoxODAwMDAwMDAwMDAwfX0=",
          "dependencies": [
            "azurerm_resource_group.rg",
            "azurerm_user_assigned_identity.identity-aks",
            "azurerm_virtual_network.vnet"
          ]
        }
      ]
    },
    {
      "mode": "managed",
      "type": "azurerm_role_assignment",
      "name": "aks_mi_operator",
      "provider": "provider[\"registry.terraform.io/hashicorp/azurerm\"]",
      "instances": [
        {
          "schema_version": 0,
          "attributes": {
            "condition": "",
            "condition_version": "",
            "delegated_managed_identity_resource_id": "",
            "description": "",
            "id": "/subscriptions/25a98a18-5e94-4b21-9d17-e8cf45bfd81f/resourceGroups/rg-aks-cluster/providers/Microsoft.ManagedIdentity/userAssignedIdentities/aks-cluster-agentpool/providers/Microsoft.Authorization/roleAssignments/5b60316f-c7ee-6e06-d4d8-13dab788b24c",
            "name": "5b60316f-c7ee-6e06-d4d8-13dab788b24c",
            "principal_id": "0d9a17a9-74f7-42a8-a8b2-846b0d52cd9b",
            "principal_type": "ServicePrincipal",
            "role_definition_id": "/subscriptions/25a98a18-5e94-4b21-9d17-e8cf45bfd81f/providers/Microsoft.Authorization/roleDefinitions/f1a07417-d97a-45cb-824c-7a7467783830",
            "role_definition_name": "Managed Identity Operator",
            "scope": "/subscriptions/25a98a18-5e94-4b21-9d17-e8cf45bfd81f/resourceGroups/rg-aks-cluster/providers/Microsoft.ManagedIdentity/userAssignedIdentities/aks-cluster-agentpool",
            "skip_service_principal_aad_check": true,
            "timeouts": null
          },
          "sensitive_attributes": [],
          "private": "eyJlMmJmYjczMC1lY2FhLTExZTYtOGY4OC0zNDM2M2JjN2M0YzAiOnsiY3JlYXRlIjoxODAwMDAwMDAwMDAwLCJkZWxldGUiOjE4MDAwMDAwMDAwMDAsInJlYWQiOjMwMDAwMDAwMDAwMCwidXBkYXRlIjoxODAwMDAwMDAwMDAwfX0=",
          "dependencies": [
            "azurerm_resource_group.rg",
            "azurerm_user_assigned_identity.identity-aks",
            "azurerm_user_assigned_identity.identity-kubelet"
          ]
        }
      ]
    },
    {
      "mode": "managed",
      "type": "azurerm_role_assignment",
      "name": "role_acrpull",
      "provider": "provider[\"registry.terraform.io/hashicorp/azurerm\"]",
      "instances": [
        {
          "schema_version": 0,
          "attributes": {
            "condition": "",
            "condition_version": "",
            "delegated_managed_identity_resource_id": "",
            "description": "",
            "id": "/subscriptions/25a98a18-5e94-4b21-9d17-e8cf45bfd81f/resourceGroups/rg-aks-cluster/providers/Microsoft.ContainerRegistry/registries/acrforakstf0111/providers/Microsoft.Authorization/roleAssignments/ffa600bc-57f2-7328-4560-43e2186dae85",
            "name": "ffa600bc-57f2-7328-4560-43e2186dae85",
            "principal_id": "90c3bb34-effd-4596-81a9-a9065f3ebefb",
            "principal_type": "ServicePrincipal",
            "role_definition_id": "/subscriptions/25a98a18-5e94-4b21-9d17-e8cf45bfd81f/providers/Microsoft.Authorization/roleDefinitions/7f951dda-4ed3-4680-a7ca-43fe172d538d",
            "role_definition_name": "AcrPull",
            "scope": "/subscriptions/25a98a18-5e94-4b21-9d17-e8cf45bfd81f/resourceGroups/rg-aks-cluster/providers/Microsoft.ContainerRegistry/registries/acrforakstf0111",
            "skip_service_principal_aad_check": true,
            "timeouts": null
          },
          "sensitive_attributes": [],
          "private": "eyJlMmJmYjczMC1lY2FhLTExZTYtOGY4OC0zNDM2M2JjN2M0YzAiOnsiY3JlYXRlIjoxODAwMDAwMDAwMDAwLCJkZWxldGUiOjE4MDAwMDAwMDAwMDAsInJlYWQiOjMwMDAwMDAwMDAwMCwidXBkYXRlIjoxODAwMDAwMDAwMDAwfX0=",
          "dependencies": [
            "azurerm_container_registry.acr",
            "azurerm_resource_group.rg",
            "azurerm_user_assigned_identity.identity-kubelet"
          ]
        }
      ]
    },
    {
      "mode": "managed",
      "type": "azurerm_subnet",
      "name": "subnetnodes",
      "provider": "provider[\"registry.terraform.io/hashicorp/azurerm\"]",
      "instances": [
        {
          "schema_version": 0,
          "attributes": {
            "address_prefixes": [
              "10.241.0.0/24"
            ],
            "delegation": [],
            "enforce_private_link_endpoint_network_policies": false,
            "enforce_private_link_service_network_policies": false,
            "id": "/subscriptions/25a98a18-5e94-4b21-9d17-e8cf45bfd81f/resourceGroups/rg-aks-cluster/providers/Microsoft.Network/virtualNetworks/vnet-spoke-aks/subnets/subnet-aks-nodes",
            "name": "subnet-aks-nodes",
            "private_endpoint_network_policies_enabled": true,
            "private_link_service_network_policies_enabled": true,
            "resource_group_name": "rg-aks-cluster",
            "service_endpoint_policy_ids": [],
            "service_endpoints": [],
            "timeouts": null,
            "virtual_network_name": "vnet-spoke-aks"
          },
          "sensitive_attributes": [],
          "private": "eyJlMmJmYjczMC1lY2FhLTExZTYtOGY4OC0zNDM2M2JjN2M0YzAiOnsiY3JlYXRlIjoxODAwMDAwMDAwMDAwLCJkZWxldGUiOjE4MDAwMDAwMDAwMDAsInJlYWQiOjMwMDAwMDAwMDAwMCwidXBkYXRlIjoxODAwMDAwMDAwMDAwfX0=",
          "dependencies": [
            "azurerm_resource_group.rg",
            "azurerm_virtual_network.vnet"
          ]
        }
      ]
    },
    {
      "mode": "managed",
      "type": "azurerm_subnet",
      "name": "subnetpods",
      "provider": "provider[\"registry.terraform.io/hashicorp/azurerm\"]",
      "instances": [
        {
          "schema_version": 0,
          "attributes": {
            "address_prefixes": [
              "10.240.0.0/16"
            ],
            "delegation": [
              {
                "name": "aks-delegation",
                "service_delegation": [
                  {
                    "actions": [
                      "Microsoft.Network/virtualNetworks/subnets/join/action"
                    ],
                    "name": "Microsoft.ContainerService/managedClusters"
                  }
                ]
              }
            ],
            "enforce_private_link_endpoint_network_policies": false,
            "enforce_private_link_service_network_policies": false,
            "id": "/subscriptions/25a98a18-5e94-4b21-9d17-e8cf45bfd81f/resourceGroups/rg-aks-cluster/providers/Microsoft.Network/virtualNetworks/vnet-spoke-aks/subnets/subnet-aks-pods",
            "name": "subnet-aks-pods",
            "private_endpoint_network_policies_enabled": true,
            "private_link_service_network_policies_enabled": true,
            "resource_group_name": "rg-aks-cluster",
            "service_endpoint_policy_ids": [],
            "service_endpoints": [],
            "timeouts": null,
            "virtual_network_name": "vnet-spoke-aks"
          },
          "sensitive_attributes": [],
          "private": "eyJlMmJmYjczMC1lY2FhLTExZTYtOGY4OC0zNDM2M2JjN2M0YzAiOnsiY3JlYXRlIjoxODAwMDAwMDAwMDAwLCJkZWxldGUiOjE4MDAwMDAwMDAwMDAsInJlYWQiOjMwMDAwMDAwMDAwMCwidXBkYXRlIjoxODAwMDAwMDAwMDAwfX0=",
          "dependencies": [
            "azurerm_resource_group.rg",
            "azurerm_virtual_network.vnet"
          ]
        }
      ]
    },
    {
      "mode": "managed",
      "type": "azurerm_user_assigned_identity",
      "name": "identity-aks",
      "provider": "provider[\"registry.terraform.io/hashicorp/azurerm\"]",
      "instances": [
        {
          "schema_version": 1,
          "attributes": {
            "client_id": "953aaebd-3ccd-47ee-8293-223b11bdd871",
            "id": "/subscriptions/25a98a18-5e94-4b21-9d17-e8cf45bfd81f/resourceGroups/rg-aks-cluster/providers/Microsoft.ManagedIdentity/userAssignedIdentities/identity-aks",
            "location": "westeurope",
            "name": "identity-aks",
            "principal_id": "0d9a17a9-74f7-42a8-a8b2-846b0d52cd9b",
            "resource_group_name": "rg-aks-cluster",
            "tags": {
              "environment": "development",
              "source": "terraform"
            },
            "tenant_id": "558506eb-9459-4ef3-b920-ad55c555e729",
            "timeouts": null
          },
          "sensitive_attributes": [],
          "private": "eyJlMmJmYjczMC1lY2FhLTExZTYtOGY4OC0zNDM2M2JjN2M0YzAiOnsiY3JlYXRlIjoxODAwMDAwMDAwMDAwLCJkZWxldGUiOjE4MDAwMDAwMDAwMDAsInJlYWQiOjMwMDAwMDAwMDAwMCwidXBkYXRlIjoxODAwMDAwMDAwMDAwfSwic2NoZW1hX3ZlcnNpb24iOiIxIn0=",
          "dependencies": [
            "azurerm_resource_group.rg"
          ]
        }
      ]
    },
    {
      "mode": "managed",
      "type": "azurerm_user_assigned_identity",
      "name": "identity-kubelet",
      "provider": "provider[\"registry.terraform.io/hashicorp/azurerm\"]",
      "instances": [
        {
          "schema_version": 1,
          "attributes": {
            "client_id": "3d5e4c5e-1830-475a-a41e-08afbbc6b317",
            "id": "/subscriptions/25a98a18-5e94-4b21-9d17-e8cf45bfd81f/resourceGroups/rg-aks-cluster/providers/Microsoft.ManagedIdentity/userAssignedIdentities/aks-cluster-agentpool",
            "location": "westeurope",
            "name": "aks-cluster-agentpool",
            "principal_id": "90c3bb34-effd-4596-81a9-a9065f3ebefb",
            "resource_group_name": "rg-aks-cluster",
            "tags": {
              "environment": "development",
              "source": "terraform"
            },
            "tenant_id": "558506eb-9459-4ef3-b920-ad55c555e729",
            "timeouts": null
          },
          "sensitive_attributes": [],
          "private": "eyJlMmJmYjczMC1lY2FhLTExZTYtOGY4OC0zNDM2M2JjN2M0YzAiOnsiY3JlYXRlIjoxODAwMDAwMDAwMDAwLCJkZWxldGUiOjE4MDAwMDAwMDAwMDAsInJlYWQiOjMwMDAwMDAwMDAwMCwidXBkYXRlIjoxODAwMDAwMDAwMDAwfSwic2NoZW1hX3ZlcnNpb24iOiIxIn0=",
          "dependencies": [
            "azurerm_resource_group.rg"
          ]
        }
      ]
    },
    {
      "mode": "managed",
      "type": "azurerm_virtual_network",
      "name": "vnet",
      "provider": "provider[\"registry.terraform.io/hashicorp/azurerm\"]",
      "instances": [
        {
          "schema_version": 0,
          "attributes": {
            "address_space": [
              "10.0.0.0/8"
            ],
            "bgp_community": "",
            "ddos_protection_plan": [],
            "dns_servers": [],
            "edge_zone": "",
            "flow_timeout_in_minutes": 0,
            "guid": "91a38e87-7529-4048-9fc7-47454ea86786",
            "id": "/subscriptions/25a98a18-5e94-4b21-9d17-e8cf45bfd81f/resourceGroups/rg-aks-cluster/providers/Microsoft.Network/virtualNetworks/vnet-spoke-aks",
            "location": "westeurope",
            "name": "vnet-spoke-aks",
            "resource_group_name": "rg-aks-cluster",
            "subnet": [
              {
                "address_prefix": "10.240.0.0/16",
                "id": "/subscriptions/25a98a18-5e94-4b21-9d17-e8cf45bfd81f/resourceGroups/rg-aks-cluster/providers/Microsoft.Network/virtualNetworks/vnet-spoke-aks/subnets/subnet-aks-pods",
                "name": "subnet-aks-pods",
                "security_group": ""
              },
              {
                "address_prefix": "10.241.0.0/24",
                "id": "/subscriptions/25a98a18-5e94-4b21-9d17-e8cf45bfd81f/resourceGroups/rg-aks-cluster/providers/Microsoft.Network/virtualNetworks/vnet-spoke-aks/subnets/subnet-aks-nodes",
                "name": "subnet-aks-nodes",
                "security_group": ""
              }
            ],
            "tags": {
              "environment": "development",
              "source": "terraform"
            },
            "timeouts": null
          },
          "sensitive_attributes": [],
          "private": "eyJlMmJmYjczMC1lY2FhLTExZTYtOGY4OC0zNDM2M2JjN2M0YzAiOnsiY3JlYXRlIjoxODAwMDAwMDAwMDAwLCJkZWxldGUiOjE4MDAwMDAwMDAwMDAsInJlYWQiOjMwMDAwMDAwMDAwMCwidXBkYXRlIjoxODAwMDAwMDAwMDAwfX0=",
          "dependencies": [
            "azurerm_resource_group.rg"
          ],
          "create_before_destroy": true
        }
      ]
    }
  ]
}
