{
  "version": 4,
  "terraform_version": "1.3.7",
  "serial": 12214,
  "lineage": "0c6669cb-3aa4-5b81-9a11-26b610fd3bc9",
  "outputs": {},
  "resources": [
    {
      "mode": "data",
      "type": "azuread_client_config",
      "name": "current",
      "provider": "provider[\"registry.terraform.io/hashicorp/azuread\"]",
      "instances": [
        {
          "schema_version": 0,
          "attributes": {
            "client_id": "04b07795-8ddb-461a-bbee-02f9e1bf7b46",
            "id": "16b3c013-d300-468d-ac64-7eda0820b6d3-04b07795-8ddb-461a-bbee-02f9e1bf7b46-99b281c9-823c-4633-af92-8ac556a19bee",
            "object_id": "99b281c9-823c-4633-af92-8ac556a19bee",
            "tenant_id": "16b3c013-d300-468d-ac64-7eda0820b6d3",
            "timeouts": null
          },
          "sensitive_attributes": []
        }
      ]
    },
    {
      "mode": "data",
      "type": "azuread_service_principal",
      "name": "aks_aad_server",
      "provider": "provider[\"registry.terraform.io/hashicorp/azuread\"]",
      "instances": [
        {
          "schema_version": 0,
          "attributes": {
            "account_enabled": true,
            "alternative_names": [],
            "app_role_assignment_required": false,
            "app_role_ids": {},
            "app_roles": [],
            "application_id": "6dae42f8-4368-4678-94ff-3960e28e3630",
            "application_tenant_id": "f8cdef31-a31e-4b4a-93e4-5f571e91255a",
            "description": "",
            "display_name": "Azure Kubernetes Service AAD Server",
            "feature_tags": [
              {
                "custom_single_sign_on": false,
                "enterprise": false,
                "gallery": false,
                "hide": false
              }
            ],
            "features": [
              {
                "custom_single_sign_on_app": false,
                "enterprise_application": false,
                "gallery_application": false,
                "visible_to_users": true
              }
            ],
            "homepage_url": "",
            "id": "87d6543d-05f4-4985-8f51-cfbe152ee0cc",
            "login_url": "",
            "logout_url": "",
            "notes": "",
            "notification_email_addresses": [],
            "oauth2_permission_scope_ids": {
              "user.read": "34a47c2f-cd0d-47b4-a93c-2c41130c671c"
            },
            "oauth2_permission_scopes": [
              {
                "admin_consent_description": "this allows to read user profile",
                "admin_consent_display_name": "user.read",
                "enabled": true,
                "id": "34a47c2f-cd0d-47b4-a93c-2c41130c671c",
                "type": "User",
                "user_consent_description": "this allows to read user profile",
                "user_consent_display_name": "user.read",
                "value": "user.read"
              }
            ],
            "object_id": "87d6543d-05f4-4985-8f51-cfbe152ee0cc",
            "preferred_single_sign_on_mode": "",
            "redirect_uris": [],
            "saml_metadata_url": "",
            "saml_single_sign_on": [],
            "service_principal_names": [
              "https://aks-aad-server.azure.com"
            ],
            "sign_in_audience": "AzureADMultipleOrgs",
            "tags": [],
            "timeouts": null,
            "type": "Application"
          },
          "sensitive_attributes": []
        }
      ]
    },
    {
      "mode": "data",
      "type": "azurerm_client_config",
      "name": "current",
      "provider": "provider[\"registry.terraform.io/hashicorp/azurerm\"]",
      "instances": [
        {
          "schema_version": 0,
          "attributes": {
            "client_id": "04b07795-8ddb-461a-bbee-02f9e1bf7b46",
            "id": "Y2xpZW50Q29uZmlncy9jbGllbnRJZD0wNGIwNzc5NS04ZGRiLTQ2MWEtYmJlZS0wMmY5ZTFiZjdiNDY7b2JqZWN0SWQ9OTliMjgxYzktODIzYy00NjMzLWFmOTItOGFjNTU2YTE5YmVlO3N1YnNjcmlwdGlvbklkPTgyZjZkNzVlLTg1ZjQtNDM0YS1hYjc0LTVkZGRkOWZhODkxMDt0ZW5hbnRJZD0xNmIzYzAxMy1kMzAwLTQ2OGQtYWM2NC03ZWRhMDgyMGI2ZDM=",
            "object_id": "99b281c9-823c-4633-af92-8ac556a19bee",
            "subscription_id": "82f6d75e-85f4-434a-ab74-5dddd9fa8910",
            "tenant_id": "16b3c013-d300-468d-ac64-7eda0820b6d3",
            "timeouts": null
          },
          "sensitive_attributes": []
        }
      ]
    },
    {
      "mode": "data",
      "type": "azurerm_kubernetes_service_versions",
      "name": "current",
      "provider": "provider[\"registry.terraform.io/hashicorp/azurerm\"]",
      "instances": [
        {
          "schema_version": 0,
          "attributes": {
            "id": "/subscriptions/82f6d75e-85f4-434a-ab74-5dddd9fa8910/providers/Microsoft.ContainerService/locations/westeurope/orchestrators",
            "include_preview": true,
            "latest_version": "1.25.4",
            "location": "westeurope",
            "timeouts": null,
            "version_prefix": null,
            "versions": [
              "1.23.8",
              "1.23.12",
              "1.24.3",
              "1.24.6",
              "1.25.2",
              "1.25.4"
            ]
          },
          "sensitive_attributes": []
        }
      ]
    },
    {
      "mode": "data",
      "type": "azurerm_subscription",
      "name": "subscription_hub",
      "provider": "provider[\"registry.terraform.io/hashicorp/azurerm\"]",
      "instances": [
        {
          "schema_version": 0,
          "attributes": {
            "display_name": "Microsoft-Azure-NonProd",
            "id": "/subscriptions/82f6d75e-85f4-434a-ab74-5dddd9fa8910",
            "location_placement_id": "Internal_2014-09-01",
            "quota_id": "Internal_2014-09-01",
            "spending_limit": "Off",
            "state": "Enabled",
            "subscription_id": "82f6d75e-85f4-434a-ab74-5dddd9fa8910",
            "tags": {
              "tag1": "MCAPS-Hybrid-REQ-46246-2022-HoussemDellai",
              "tag2": "Hybrid"
            },
            "tenant_id": "16b3c013-d300-468d-ac64-7eda0820b6d3",
            "timeouts": null
          },
          "sensitive_attributes": []
        }
      ]
    },
    {
      "mode": "data",
      "type": "azurerm_subscription",
      "name": "subscription_spoke",
      "provider": "provider[\"registry.terraform.io/hashicorp/azurerm\"]",
      "instances": [
        {
          "schema_version": 0,
          "attributes": {
            "display_name": "Microsoft-Azure-NonProd",
            "id": "/subscriptions/82f6d75e-85f4-434a-ab74-5dddd9fa8910",
            "location_placement_id": "Internal_2014-09-01",
            "quota_id": "Internal_2014-09-01",
            "spending_limit": "Off",
            "state": "Enabled",
            "subscription_id": "82f6d75e-85f4-434a-ab74-5dddd9fa8910",
            "tags": {
              "tag1": "MCAPS-Hybrid-REQ-46246-2022-HoussemDellai",
              "tag2": "Hybrid"
            },
            "tenant_id": "16b3c013-d300-468d-ac64-7eda0820b6d3",
            "timeouts": null
          },
          "sensitive_attributes": []
        }
      ]
    },
    {
      "mode": "data",
      "type": "http",
      "name": "machine_ip",
      "provider": "provider[\"registry.terraform.io/hashicorp/http\"]",
      "instances": [
        {
          "schema_version": 0,
          "attributes": {
            "body": "176.177.25.47",
            "ca_cert_pem": null,
            "id": "http://ifconfig.me",
            "insecure": null,
            "method": null,
            "request_body": null,
            "request_headers": {
              "Accept": "application/json"
            },
            "response_body": "176.177.25.47",
            "response_headers": {
              "Access-Control-Allow-Origin": "*",
              "Content-Length": "13",
              "Content-Type": "text/plain; charset=utf-8",
              "Date": "Sun, 22 Jan 2023 12:00:37 GMT",
              "Server": "istio-envoy",
              "Strict-Transport-Security": "max-age=2592000; includeSubDomains",
              "Via": "1.1 google",
              "X-Envoy-Upstream-Service-Time": "1"
            },
            "status_code": 200,
            "url": "http://ifconfig.me"
          },
          "sensitive_attributes": []
        }
      ]
    },
    {
      "mode": "managed",
      "type": "azurerm_app_service_source_control",
      "name": "sourcecontrol",
      "provider": "provider[\"registry.terraform.io/hashicorp/azurerm\"]",
      "instances": [
        {
          "index_key": 0,
          "schema_version": 0,
          "attributes": {
            "app_id": "/subscriptions/82f6d75e-85f4-434a-ab74-5dddd9fa8910/resourceGroups/rg-spoke3/providers/Microsoft.Web/sites/webapp-frontent-011",
            "branch": "master",
            "github_action_configuration": [],
            "id": "/subscriptions/82f6d75e-85f4-434a-ab74-5dddd9fa8910/resourceGroups/rg-spoke3/providers/Microsoft.Web/sites/webapp-frontent-011",
            "repo_url": "https://github.com/Azure-Samples/nodejs-docs-hello-world",
            "rollback_enabled": false,
            "scm_type": "ExternalGit",
            "timeouts": null,
            "use_local_git": false,
            "use_manual_integration": true,
            "use_mercurial": false,
            "uses_github_action": false
          },
          "sensitive_attributes": [],
          "private": "eyJlMmJmYjczMC1lY2FhLTExZTYtOGY4OC0zNDM2M2JjN2M0YzAiOnsiY3JlYXRlIjoxODAwMDAwMDAwMDAwLCJkZWxldGUiOjE4MDAwMDAwMDAwMDAsInJlYWQiOjMwMDAwMDAwMDAwMH19",
          "dependencies": [
            "azurerm_firewall.firewall",
            "azurerm_firewall_policy.firewall_policy",
            "azurerm_linux_web_app.webapp_frontent",
            "azurerm_log_analytics_workspace.workspace",
            "azurerm_public_ip.public_ip_firewall",
            "azurerm_resource_group.rg_hub",
            "azurerm_resource_group.rg_spoke3",
            "azurerm_resource_group.rg_spoke_app",
            "azurerm_service_plan.service_plan",
            "azurerm_subnet.snet_vnet_integration",
            "azurerm_subnet.subnet_firewall",
            "azurerm_virtual_network.vnet_hub",
            "azurerm_virtual_network.vnet_spoke3"
          ]
        }
      ]
    },
    {
      "mode": "managed",
      "type": "azurerm_bastion_host",
      "name": "bastion_host",
      "provider": "provider[\"registry.terraform.io/hashicorp/azurerm\"].subscription_hub",
      "instances": [
        {
          "index_key": 0,
          "schema_version": 0,
          "attributes": {
            "copy_paste_enabled": true,
            "dns_name": "bst-701099c1-65e1-4551-aa38-6d6382844217.bastion.azure.com",
            "file_copy_enabled": true,
            "id": "/subscriptions/82f6d75e-85f4-434a-ab74-5dddd9fa8910/resourceGroups/rg-hub/providers/Microsoft.Network/bastionHosts/bastion-host",
            "ip_configuration": [
              {
                "name": "configuration",
                "public_ip_address_id": "/subscriptions/82f6d75e-85f4-434a-ab74-5dddd9fa8910/resourceGroups/rg-hub/providers/Microsoft.Network/publicIPAddresses/public-ip-bastion",
                "subnet_id": "/subscriptions/82f6d75e-85f4-434a-ab74-5dddd9fa8910/resourceGroups/rg-hub/providers/Microsoft.Network/virtualNetworks/vnet-hub/subnets/AzureBastionSubnet"
              }
            ],
            "ip_connect_enabled": false,
            "location": "westeurope",
            "name": "bastion-host",
            "resource_group_name": "rg-hub",
            "scale_units": 2,
            "shareable_link_enabled": true,
            "sku": "Standard",
            "tags": {
              "architecture": "Hub\u0026Spoke",
              "environment": "development",
              "source": "terraform"
            },
            "timeouts": null,
            "tunneling_enabled": true
          },
          "sensitive_attributes": [],
          "private": "eyJlMmJmYjczMC1lY2FhLTExZTYtOGY4OC0zNDM2M2JjN2M0YzAiOnsiY3JlYXRlIjoxODAwMDAwMDAwMDAwLCJkZWxldGUiOjE4MDAwMDAwMDAwMDAsInJlYWQiOjMwMDAwMDAwMDAwMCwidXBkYXRlIjoxODAwMDAwMDAwMDAwfX0=",
          "dependencies": [
            "azurerm_public_ip.public_ip_bastion",
            "azurerm_resource_group.rg_hub",
            "azurerm_subnet.subnet_bastion",
            "azurerm_virtual_network.vnet_hub"
          ]
        }
      ]
    },
    {
      "mode": "managed",
      "type": "azurerm_container_registry",
      "name": "acr",
      "provider": "provider[\"registry.terraform.io/hashicorp/azurerm\"]",
      "instances": [
        {
          "schema_version": 2,
          "attributes": {
            "admin_enabled": false,
            "admin_password": "",
            "admin_username": "",
            "anonymous_pull_enabled": false,
            "data_endpoint_enabled": false,
            "encryption": [
              {
                "enabled": false,
                "identity_client_id": "",
                "key_vault_key_id": ""
              }
            ],
            "export_policy_enabled": true,
            "georeplications": [],
            "id": "/subscriptions/82f6d75e-85f4-434a-ab74-5dddd9fa8910/resourceGroups/rg-spoke-app/providers/Microsoft.ContainerRegistry/registries/acrforakstf013",
            "identity": [],
            "location": "westeurope",
            "login_server": "acrforakstf013.azurecr.io",
            "name": "acrforakstf013",
            "network_rule_bypass_option": "AzureServices",
            "network_rule_set": [
              {
                "default_action": "Deny",
                "ip_rule": [
                  {
                    "action": "Allow",
                    "ip_range": "176.177.25.47/32"
                  }
                ],
                "virtual_network": []
              }
            ],
            "public_network_access_enabled": true,
            "quarantine_policy_enabled": false,
            "resource_group_name": "rg-spoke-app",
            "retention_policy": [
              {
                "days": 7,
                "enabled": false
              }
            ],
            "sku": "Premium",
            "tags": {
              "architecture": "Hub\u0026Spoke",
              "environment": "development",
              "source": "terraform"
            },
            "timeouts": null,
            "trust_policy": [
              {
                "enabled": false
              }
            ],
            "zone_redundancy_enabled": false
          },
          "sensitive_attributes": [],
          "private": "eyJlMmJmYjczMC1lY2FhLTExZTYtOGY4OC0zNDM2M2JjN2M0YzAiOnsiY3JlYXRlIjoxODAwMDAwMDAwMDAwLCJkZWxldGUiOjE4MDAwMDAwMDAwMDAsInJlYWQiOjMwMDAwMDAwMDAwMCwidXBkYXRlIjoxODAwMDAwMDAwMDAwfSwic2NoZW1hX3ZlcnNpb24iOiIyIn0=",
          "dependencies": [
            "azurerm_resource_group.rg_spoke_app",
            "data.http.machine_ip"
          ]
        }
      ]
    },
    {
      "mode": "managed",
      "type": "azurerm_firewall",
      "name": "firewall",
      "provider": "provider[\"registry.terraform.io/hashicorp/azurerm\"].subscription_hub",
      "instances": [
        {
          "index_key": 0,
          "schema_version": 0,
          "attributes": {
            "dns_servers": [],
            "firewall_policy_id": "/subscriptions/82f6d75e-85f4-434a-ab74-5dddd9fa8910/resourceGroups/rg-hub/providers/Microsoft.Network/firewallPolicies/firewall-policy",
            "id": "/subscriptions/82f6d75e-85f4-434a-ab74-5dddd9fa8910/resourceGroups/rg-hub/providers/Microsoft.Network/azureFirewalls/firewall-hub",
            "ip_configuration": [
              {
                "name": "configuration",
                "private_ip_address": "172.16.0.4",
                "public_ip_address_id": "/subscriptions/82f6d75e-85f4-434a-ab74-5dddd9fa8910/resourceGroups/rg-hub/providers/Microsoft.Network/publicIPAddresses/public-ip-firewall",
                "subnet_id": "/subscriptions/82f6d75e-85f4-434a-ab74-5dddd9fa8910/resourceGroups/rg-hub/providers/Microsoft.Network/virtualNetworks/vnet-hub/subnets/AzureFirewallSubnet"
              }
            ],
            "location": "westeurope",
            "management_ip_configuration": [],
            "name": "firewall-hub",
            "private_ip_ranges": [],
            "resource_group_name": "rg-hub",
            "sku_name": "AZFW_VNet",
            "sku_tier": "Standard",
            "tags": {},
            "threat_intel_mode": "Alert",
            "timeouts": null,
            "virtual_hub": [],
            "zones": []
          },
          "sensitive_attributes": [],
          "private": "eyJlMmJmYjczMC1lY2FhLTExZTYtOGY4OC0zNDM2M2JjN2M0YzAiOnsiY3JlYXRlIjo1NDAwMDAwMDAwMDAwLCJkZWxldGUiOjU0MDAwMDAwMDAwMDAsInJlYWQiOjMwMDAwMDAwMDAwMCwidXBkYXRlIjo1NDAwMDAwMDAwMDAwfX0=",
          "dependencies": [
            "azurerm_firewall_policy.firewall_policy",
            "azurerm_log_analytics_workspace.workspace",
            "azurerm_public_ip.public_ip_firewall",
            "azurerm_resource_group.rg_hub",
            "azurerm_resource_group.rg_spoke_app",
            "azurerm_subnet.subnet_firewall",
            "azurerm_virtual_network.vnet_hub"
          ],
          "create_before_destroy": true
        }
      ]
    },
    {
      "mode": "managed",
      "type": "azurerm_firewall_policy",
      "name": "firewall_policy",
      "provider": "provider[\"registry.terraform.io/hashicorp/azurerm\"]",
      "instances": [
        {
          "index_key": 0,
          "schema_version": 0,
          "attributes": {
            "auto_learn_private_ranges_enabled": false,
            "base_policy_id": "",
            "child_policies": [],
            "dns": [
              {
                "proxy_enabled": true,
                "servers": [
                  "168.63.129.16"
                ]
              }
            ],
            "explicit_proxy": [],
            "firewalls": [
              "/subscriptions/82f6d75e-85f4-434a-ab74-5dddd9fa8910/resourceGroups/rg-hub/providers/Microsoft.Network/azureFirewalls/firewall-hub"
            ],
            "id": "/subscriptions/82f6d75e-85f4-434a-ab74-5dddd9fa8910/resourceGroups/rg-hub/providers/Microsoft.Network/firewallPolicies/firewall-policy",
            "identity": [],
            "insights": [
              {
                "default_log_analytics_workspace_id": "/subscriptions/82f6d75e-85f4-434a-ab74-5dddd9fa8910/resourceGroups/rg-spoke-app/providers/Microsoft.OperationalInsights/workspaces/loganalyticsforaks011",
                "enabled": true,
                "log_analytics_workspace": [],
                "retention_in_days": 7
              }
            ],
            "intrusion_detection": [],
            "location": "westeurope",
            "name": "firewall-policy",
            "private_ip_ranges": [],
            "resource_group_name": "rg-hub",
            "rule_collection_groups": [
              "/subscriptions/82f6d75e-85f4-434a-ab74-5dddd9fa8910/resourceGroups/rg-hub/providers/Microsoft.Network/firewallPolicies/firewall-policy/ruleCollectionGroups/policy_group_deny",
              "/subscriptions/82f6d75e-85f4-434a-ab74-5dddd9fa8910/resourceGroups/rg-hub/providers/Microsoft.Network/firewallPolicies/firewall-policy/ruleCollectionGroups/policy_group_subnet_mgt",
              "/subscriptions/82f6d75e-85f4-434a-ab74-5dddd9fa8910/resourceGroups/rg-hub/providers/Microsoft.Network/firewallPolicies/firewall-policy/ruleCollectionGroups/policy_group_aks"
            ],
            "sku": "Standard",
            "sql_redirect_allowed": null,
            "tags": {},
            "threat_intelligence_allowlist": [],
            "threat_intelligence_mode": "Alert",
            "timeouts": null,
            "tls_certificate": []
          },
          "sensitive_attributes": [],
          "private": "eyJlMmJmYjczMC1lY2FhLTExZTYtOGY4OC0zNDM2M2JjN2M0YzAiOnsiY3JlYXRlIjoxODAwMDAwMDAwMDAwLCJkZWxldGUiOjE4MDAwMDAwMDAwMDAsInJlYWQiOjMwMDAwMDAwMDAwMCwidXBkYXRlIjoxODAwMDAwMDAwMDAwfX0=",
          "dependencies": [
            "azurerm_log_analytics_workspace.workspace",
            "azurerm_resource_group.rg_hub",
            "azurerm_resource_group.rg_spoke_app"
          ],
          "create_before_destroy": true
        }
      ]
    },
    {
      "mode": "managed",
      "type": "azurerm_firewall_policy_rule_collection_group",
      "name": "policy_group_aks",
      "provider": "provider[\"registry.terraform.io/hashicorp/azurerm\"]",
      "instances": [
        {
          "index_key": 0,
          "schema_version": 0,
          "attributes": {
            "application_rule_collection": [
              {
                "action": "Allow",
                "name": "aks_app_rules",
                "priority": 205,
                "rule": [
                  {
                    "description": "",
                    "destination_addresses": [],
                    "destination_fqdn_tags": [
                      "AzureKubnernetesService"
                    ],
                    "destination_fqdns": [],
                    "destination_urls": [],
                    "name": "aks_service",
                    "protocols": [
                      {
                        "port": 443,
                        "type": "Https"
                      }
                    ],
                    "source_addresses": [
                      "10.1.3.0/24",
                      "10.1.240.0/20"
                    ],
                    "source_ip_groups": [],
                    "terminate_tls": false,
                    "web_categories": []
                  }
                ]
              }
            ],
            "firewall_policy_id": "/subscriptions/82f6d75e-85f4-434a-ab74-5dddd9fa8910/resourceGroups/rg-hub/providers/Microsoft.Network/firewallPolicies/firewall-policy",
            "id": "/subscriptions/82f6d75e-85f4-434a-ab74-5dddd9fa8910/resourceGroups/rg-hub/providers/Microsoft.Network/firewallPolicies/firewall-policy/ruleCollectionGroups/policy_group_aks",
            "name": "policy_group_aks",
            "nat_rule_collection": [],
            "network_rule_collection": [
              {
                "action": "Allow",
                "name": "aks_network_rules",
                "priority": 201,
                "rule": [
                  {
                    "destination_addresses": [
                      "*"
                    ],
                    "destination_fqdns": [],
                    "destination_ip_groups": [],
                    "destination_ports": [
                      "443"
                    ],
                    "name": "https",
                    "protocols": [
                      "TCP"
                    ],
                    "source_addresses": [
                      "10.1.3.0/24",
                      "10.1.240.0/20"
                    ],
                    "source_ip_groups": []
                  },
                  {
                    "destination_addresses": [
                      "*"
                    ],
                    "destination_fqdns": [],
                    "destination_ip_groups": [],
                    "destination_ports": [
                      "53"
                    ],
                    "name": "dns",
                    "protocols": [
                      "UDP"
                    ],
                    "source_addresses": [
                      "10.1.3.0/24",
                      "10.1.240.0/20"
                    ],
                    "source_ip_groups": []
                  },
                  {
                    "destination_addresses": [
                      "*"
                    ],
                    "destination_fqdns": [],
                    "destination_ip_groups": [],
                    "destination_ports": [
                      "123"
                    ],
                    "name": "time",
                    "protocols": [
                      "UDP"
                    ],
                    "source_addresses": [
                      "10.1.3.0/24",
                      "10.1.240.0/20"
                    ],
                    "source_ip_groups": []
                  },
                  {
                    "destination_addresses": [
                      "*"
                    ],
                    "destination_fqdns": [],
                    "destination_ip_groups": [],
                    "destination_ports": [
                      "1194"
                    ],
                    "name": "tunnel_udp",
                    "protocols": [
                      "UDP"
                    ],
                    "source_addresses": [
                      "10.1.3.0/24",
                      "10.1.240.0/20"
                    ],
                    "source_ip_groups": []
                  },
                  {
                    "destination_addresses": [
                      "*"
                    ],
                    "destination_fqdns": [],
                    "destination_ip_groups": [],
                    "destination_ports": [
                      "9000"
                    ],
                    "name": "tunnel_tcp",
                    "protocols": [
                      "TCP"
                    ],
                    "source_addresses": [
                      "10.1.3.0/24",
                      "10.1.240.0/20"
                    ],
                    "source_ip_groups": []
                  },
                  {
                    "destination_addresses": [
                      "*"
                    ],
                    "destination_fqdns": [],
                    "destination_ip_groups": [],
                    "destination_ports": [
                      "123"
                    ],
                    "name": "Time",
                    "protocols": [
                      "UDP"
                    ],
                    "source_addresses": [
                      "*"
                    ],
                    "source_ip_groups": []
                  },
                  {
                    "destination_addresses": [
                      "*"
                    ],
                    "destination_fqdns": [],
                    "destination_ip_groups": [],
                    "destination_ports": [
                      "53"
                    ],
                    "name": "DNS",
                    "protocols": [
                      "UDP"
                    ],
                    "source_addresses": [
                      "*"
                    ],
                    "source_ip_groups": []
                  },
                  {
                    "destination_addresses": [
                      "AzureContainerRegistry",
                      "MicrosoftContainerRegistry",
                      "AzureActiveDirectory"
                    ],
                    "destination_fqdns": [],
                    "destination_ip_groups": [],
                    "destination_ports": [
                      "*"
                    ],
                    "name": "ServiceTags",
                    "protocols": [
                      "Any"
                    ],
                    "source_addresses": [
                      "*"
                    ],
                    "source_ip_groups": []
                  }
                ]
              }
            ],
            "priority": 200,
            "timeouts": null
          },
          "sensitive_attributes": [],
          "private": "eyJlMmJmYjczMC1lY2FhLTExZTYtOGY4OC0zNDM2M2JjN2M0YzAiOnsiY3JlYXRlIjoxODAwMDAwMDAwMDAwLCJkZWxldGUiOjE4MDAwMDAwMDAwMDAsInJlYWQiOjMwMDAwMDAwMDAwMCwidXBkYXRlIjoxODAwMDAwMDAwMDAwfX0=",
          "dependencies": [
            "azurerm_firewall.firewall",
            "azurerm_firewall_policy.firewall_policy",
            "azurerm_log_analytics_workspace.workspace",
            "azurerm_public_ip.public_ip_firewall",
            "azurerm_resource_group.rg_hub",
            "azurerm_resource_group.rg_spoke_app",
            "azurerm_subnet.subnet_firewall",
            "azurerm_subnet.subnet_nodes",
            "azurerm_subnet.subnet_pods",
            "azurerm_virtual_network.vnet_hub",
            "azurerm_virtual_network.vnet_spoke_app"
          ]
        }
      ]
    },
    {
      "mode": "managed",
      "type": "azurerm_firewall_policy_rule_collection_group",
      "name": "policy_group_deny",
      "provider": "provider[\"registry.terraform.io/hashicorp/azurerm\"]",
      "instances": [
        {
          "index_key": 0,
          "schema_version": 0,
          "attributes": {
            "application_rule_collection": [
              {
                "action": "Deny",
                "name": "app_rules_deny_yahoo_com_any_source",
                "priority": 100,
                "rule": [
                  {
                    "description": "",
                    "destination_addresses": [],
                    "destination_fqdn_tags": [],
                    "destination_fqdns": [
                      "*.yahoo.com"
                    ],
                    "destination_urls": [],
                    "name": "deny_yahoo_com",
                    "protocols": [
                      {
                        "port": 80,
                        "type": "Http"
                      },
                      {
                        "port": 443,
                        "type": "Https"
                      }
                    ],
                    "source_addresses": [
                      "*"
                    ],
                    "source_ip_groups": [],
                    "terminate_tls": false,
                    "web_categories": []
                  }
                ]
              }
            ],
            "firewall_policy_id": "/subscriptions/82f6d75e-85f4-434a-ab74-5dddd9fa8910/resourceGroups/rg-hub/providers/Microsoft.Network/firewallPolicies/firewall-policy",
            "id": "/subscriptions/82f6d75e-85f4-434a-ab74-5dddd9fa8910/resourceGroups/rg-hub/providers/Microsoft.Network/firewallPolicies/firewall-policy/ruleCollectionGroups/policy_group_deny",
            "name": "policy_group_deny",
            "nat_rule_collection": [],
            "network_rule_collection": [],
            "priority": 100,
            "timeouts": null
          },
          "sensitive_attributes": [],
          "private": "eyJlMmJmYjczMC1lY2FhLTExZTYtOGY4OC0zNDM2M2JjN2M0YzAiOnsiY3JlYXRlIjoxODAwMDAwMDAwMDAwLCJkZWxldGUiOjE4MDAwMDAwMDAwMDAsInJlYWQiOjMwMDAwMDAwMDAwMCwidXBkYXRlIjoxODAwMDAwMDAwMDAwfX0=",
          "dependencies": [
            "azurerm_firewall_policy.firewall_policy",
            "azurerm_log_analytics_workspace.workspace",
            "azurerm_resource_group.rg_hub",
            "azurerm_resource_group.rg_spoke_app"
          ]
        }
      ]
    },
    {
      "mode": "managed",
      "type": "azurerm_firewall_policy_rule_collection_group",
      "name": "policy_group_subnet_mgt",
      "provider": "provider[\"registry.terraform.io/hashicorp/azurerm\"]",
      "instances": [
        {
          "index_key": 0,
          "schema_version": 0,
          "attributes": {
            "application_rule_collection": [
              {
                "action": "Allow",
                "name": "app_rules_subnet_mgt",
                "priority": 305,
                "rule": [
                  {
                    "description": "",
                    "destination_addresses": [],
                    "destination_fqdn_tags": [],
                    "destination_fqdns": [
                      "*"
                    ],
                    "destination_urls": [],
                    "name": "allow_internet",
                    "protocols": [
                      {
                        "port": 80,
                        "type": "Http"
                      },
                      {
                        "port": 443,
                        "type": "Https"
                      }
                    ],
                    "source_addresses": [
                      "10.2.0.0/24"
                    ],
                    "source_ip_groups": [],
                    "terminate_tls": false,
                    "web_categories": []
                  }
                ]
              }
            ],
            "firewall_policy_id": "/subscriptions/82f6d75e-85f4-434a-ab74-5dddd9fa8910/resourceGroups/rg-hub/providers/Microsoft.Network/firewallPolicies/firewall-policy",
            "id": "/subscriptions/82f6d75e-85f4-434a-ab74-5dddd9fa8910/resourceGroups/rg-hub/providers/Microsoft.Network/firewallPolicies/firewall-policy/ruleCollectionGroups/policy_group_subnet_mgt",
            "name": "policy_group_subnet_mgt",
            "nat_rule_collection": [],
            "network_rule_collection": [
              {
                "action": "Allow",
                "name": "allow_subnet_mgt_to_subnet_pe",
                "priority": 201,
                "rule": [
                  {
                    "destination_addresses": [
                      "10.1.2.0/28"
                    ],
                    "destination_fqdns": [],
                    "destination_ip_groups": [],
                    "destination_ports": [
                      "443"
                    ],
                    "name": "https",
                    "protocols": [
                      "TCP"
                    ],
                    "source_addresses": [
                      "10.2.0.0/24"
                    ],
                    "source_ip_groups": []
                  }
                ]
              }
            ],
            "priority": 300,
            "timeouts": null
          },
          "sensitive_attributes": [],
          "private": "eyJlMmJmYjczMC1lY2FhLTExZTYtOGY4OC0zNDM2M2JjN2M0YzAiOnsiY3JlYXRlIjoxODAwMDAwMDAwMDAwLCJkZWxldGUiOjE4MDAwMDAwMDAwMDAsInJlYWQiOjMwMDAwMDAwMDAwMCwidXBkYXRlIjoxODAwMDAwMDAwMDAwfX0=",
          "dependencies": [
            "azurerm_firewall.firewall",
            "azurerm_firewall_policy.firewall_policy",
            "azurerm_log_analytics_workspace.workspace",
            "azurerm_public_ip.public_ip_firewall",
            "azurerm_resource_group.rg_hub",
            "azurerm_resource_group.rg_spoke_app",
            "azurerm_resource_group.rg_spoke_mgt",
            "azurerm_subnet.subnet_firewall",
            "azurerm_subnet.subnet_mgt",
            "azurerm_subnet.subnet_pe",
            "azurerm_virtual_network.vnet_hub",
            "azurerm_virtual_network.vnet_spoke_app",
            "azurerm_virtual_network.vnet_spoke_mgt"
          ]
        }
      ]
    },
    {
      "mode": "managed",
      "type": "azurerm_key_vault",
      "name": "kv",
      "provider": "provider[\"registry.terraform.io/hashicorp/azurerm\"]",
      "instances": [
        {
          "index_key": 0,
          "schema_version": 2,
          "attributes": {
            "access_policy": [],
            "contact": [],
            "enable_rbac_authorization": true,
            "enabled_for_deployment": false,
            "enabled_for_disk_encryption": false,
            "enabled_for_template_deployment": false,
            "id": "/subscriptions/82f6d75e-85f4-434a-ab74-5dddd9fa8910/resourceGroups/rg-spoke-app/providers/Microsoft.KeyVault/vaults/kvforaks0113",
            "location": "westeurope",
            "name": "kvforaks0113",
            "network_acls": [
              {
                "bypass": "AzureServices",
                "default_action": "Deny",
                "ip_rules": [
                  "176.177.25.47/32"
                ],
                "virtual_network_subnet_ids": []
              }
            ],
            "public_network_access_enabled": true,
            "purge_protection_enabled": false,
            "resource_group_name": "rg-spoke-app",
            "sku_name": "standard",
            "soft_delete_retention_days": 7,
            "tags": {
              "architecture": "Hub\u0026Spoke",
              "environment": "development",
              "source": "terraform"
            },
            "tenant_id": "16b3c013-d300-468d-ac64-7eda0820b6d3",
            "timeouts": null,
            "vault_uri": "https://kvforaks0113.vault.azure.net/"
          },
          "sensitive_attributes": [],
          "private": "eyJlMmJmYjczMC1lY2FhLTExZTYtOGY4OC0zNDM2M2JjN2M0YzAiOnsiY3JlYXRlIjoxODAwMDAwMDAwMDAwLCJkZWxldGUiOjE4MDAwMDAwMDAwMDAsInJlYWQiOjMwMDAwMDAwMDAwMCwidXBkYXRlIjoxODAwMDAwMDAwMDAwfSwic2NoZW1hX3ZlcnNpb24iOiIyIn0=",
          "dependencies": [
            "azurerm_resource_group.rg_spoke_app",
            "data.azurerm_client_config.current",
            "data.http.machine_ip"
          ]
        }
      ]
    },
    {
      "mode": "managed",
      "type": "azurerm_key_vault_secret",
      "name": "secret",
      "provider": "provider[\"registry.terraform.io/hashicorp/azurerm\"]",
      "instances": [
        {
          "index_key": 0,
          "schema_version": 0,
          "attributes": {
            "content_type": "",
            "expiration_date": null,
            "id": "https://kvforaks0113.vault.azure.net/secrets/database-password/2f23e0a9a3ca48639bd7ad6f3d6e8d97",
            "key_vault_id": "/subscriptions/82f6d75e-85f4-434a-ab74-5dddd9fa8910/resourceGroups/rg-spoke-app/providers/Microsoft.KeyVault/vaults/kvforaks0113",
            "name": "database-password",
            "not_before_date": null,
            "resource_id": "/subscriptions/82f6d75e-85f4-434a-ab74-5dddd9fa8910/resourceGroups/rg-spoke-app/providers/Microsoft.KeyVault/vaults/kvforaks0113/secrets/database-password/versions/2f23e0a9a3ca48639bd7ad6f3d6e8d97",
            "resource_versionless_id": "/subscriptions/82f6d75e-85f4-434a-ab74-5dddd9fa8910/resourceGroups/rg-spoke-app/providers/Microsoft.KeyVault/vaults/kvforaks0113/secrets/database-password",
            "tags": {
              "architecture": "Hub\u0026Spoke",
              "environment": "development",
              "source": "terraform"
            },
            "timeouts": null,
            "value": "@Aa123456789",
            "version": "2f23e0a9a3ca48639bd7ad6f3d6e8d97",
            "versionless_id": "https://kvforaks0113.vault.azure.net/secrets/database-password"
          },
          "sensitive_attributes": [],
          "private": "eyJlMmJmYjczMC1lY2FhLTExZTYtOGY4OC0zNDM2M2JjN2M0YzAiOnsiY3JlYXRlIjoxODAwMDAwMDAwMDAwLCJkZWxldGUiOjE4MDAwMDAwMDAwMDAsInJlYWQiOjE4MDAwMDAwMDAwMDAsInVwZGF0ZSI6MTgwMDAwMDAwMDAwMH19",
          "dependencies": [
            "azurerm_key_vault.kv",
            "azurerm_resource_group.rg_spoke_app",
            "azurerm_role_assignment.role_secret_officer",
            "data.azurerm_client_config.current",
            "data.http.machine_ip"
          ]
        }
      ]
    },
    {
      "mode": "managed",
      "type": "azurerm_kubernetes_cluster",
      "name": "aks",
      "provider": "provider[\"registry.terraform.io/hashicorp/azurerm\"]",
      "instances": [
        {
          "index_key": 0,
          "schema_version": 2,
          "attributes": {
            "aci_connector_linux": [],
            "api_server_access_profile": [
              {
                "authorized_ip_ranges": [
                  "0.0.0.0/0"
                ],
                "subnet_id": "/subscriptions/82f6d75e-85f4-434a-ab74-5dddd9fa8910/resourceGroups/rg-spoke-app/providers/Microsoft.Network/virtualNetworks/vnet-spoke-app/subnets/subnet-apiserver",
                "vnet_integration_enabled": true
              }
            ],
            "api_server_authorized_ip_ranges": [
              "0.0.0.0/0"
            ],
            "auto_scaler_profile": [
              {
                "balance_similar_node_groups": false,
                "empty_bulk_delete_max": "10",
                "expander": "random",
                "max_graceful_termination_sec": "600",
                "max_node_provisioning_time": "15m",
                "max_unready_nodes": 3,
                "max_unready_percentage": 45,
                "new_pod_scale_up_delay": "10s",
                "scale_down_delay_after_add": "10m",
                "scale_down_delay_after_delete": "10s",
                "scale_down_delay_after_failure": "3m",
                "scale_down_unneeded": "10m",
                "scale_down_unready": "20m",
                "scale_down_utilization_threshold": "0.5",
                "scan_interval": "10s",
                "skip_nodes_with_local_storage": true,
                "skip_nodes_with_system_pods": true
              }
            ],
            "automatic_channel_upgrade": "node-image",
            "azure_active_directory_role_based_access_control": [
              {
                "admin_group_object_ids": [],
                "azure_rbac_enabled": true,
                "client_app_id": "",
                "managed": true,
                "server_app_id": "",
                "server_app_secret": "",
                "tenant_id": "16b3c013-d300-468d-ac64-7eda0820b6d3"
              }
            ],
            "azure_policy_enabled": true,
            "default_node_pool": [
              {
                "capacity_reservation_group_id": "",
                "custom_ca_trust_enabled": false,
                "enable_auto_scaling": true,
                "enable_host_encryption": false,
                "enable_node_public_ip": false,
                "fips_enabled": false,
                "host_group_id": "",
                "kubelet_config": [],
                "kubelet_disk_type": "OS",
                "linux_os_config": [],
                "max_count": 3,
                "max_pods": 110,
                "message_of_the_day": "Hello from Azure AKS cluster!",
                "min_count": 1,
                "name": "poolsystem",
                "node_count": 3,
                "node_labels": {},
                "node_public_ip_prefix_id": "",
                "node_taints": [],
                "only_critical_addons_enabled": false,
                "orchestrator_version": "1.25.4",
                "os_disk_size_gb": 40,
                "os_disk_type": "Ephemeral",
                "os_sku": "Ubuntu",
                "pod_subnet_id": "/subscriptions/82f6d75e-85f4-434a-ab74-5dddd9fa8910/resourceGroups/rg-spoke-app/providers/Microsoft.Network/virtualNetworks/vnet-spoke-app/subnets/subnet-pods",
                "proximity_placement_group_id": "",
                "scale_down_mode": "Delete",
                "tags": {
                  "architecture": "Hub\u0026Spoke",
                  "environment": "development",
                  "source": "terraform"
                },
                "type": "VirtualMachineScaleSets",
                "ultra_ssd_enabled": false,
                "upgrade_settings": [],
                "vm_size": "Standard_D2pds_v5",
                "vnet_subnet_id": "/subscriptions/82f6d75e-85f4-434a-ab74-5dddd9fa8910/resourceGroups/rg-spoke-app/providers/Microsoft.Network/virtualNetworks/vnet-spoke-app/subnets/subnet-nodes",
                "workload_runtime": "OCIContainer",
                "zones": [
                  "1",
                  "2",
                  "3"
                ]
              }
            ],
            "disk_encryption_set_id": "",
            "dns_prefix": "aks",
            "dns_prefix_private_cluster": "",
            "edge_zone": "",
            "enable_pod_security_policy": false,
            "fqdn": "aks-374cfcc2.hcp.westeurope.azmk8s.io",
            "http_application_routing_enabled": false,
            "http_application_routing_zone_name": "",
            "http_proxy_config": [],
            "id": "/subscriptions/82f6d75e-85f4-434a-ab74-5dddd9fa8910/resourceGroups/rg-spoke-aks/providers/Microsoft.ContainerService/managedClusters/aks-cluster",
            "identity": [
              {
                "identity_ids": [
                  "/subscriptions/82f6d75e-85f4-434a-ab74-5dddd9fa8910/resourceGroups/rg-spoke-aks/providers/Microsoft.ManagedIdentity/userAssignedIdentities/identity-aks"
                ],
                "principal_id": "",
                "tenant_id": "",
                "type": "UserAssigned"
              }
            ],
            "image_cleaner_enabled": true,
            "image_cleaner_interval_hours": 24,
            "ingress_application_gateway": [],
            "key_management_service": [],
            "key_vault_secrets_provider": [
              {
                "secret_identity": [
                  {
                    "client_id": "2d95fe87-2ed8-4509-8f78-956df8c685cc",
                    "object_id": "63b840a9-4731-40d5-9d4e-7dcb83c47039",
                    "user_assigned_identity_id": "/subscriptions/82f6d75e-85f4-434a-ab74-5dddd9fa8910/resourcegroups/rg-spoke-aks-nodes/providers/Microsoft.ManagedIdentity/userAssignedIdentities/azurekeyvaultsecretsprovider-aks-cluster"
                  }
                ],
                "secret_rotation_enabled": true,
                "secret_rotation_interval": "2m"
              }
            ],
            "kube_admin_config": [],
            "kube_admin_config_raw": "",
            "kube_config": [
              {
                "client_certificate": "",
                "client_key": "",
                "cluster_ca_certificate": "LS0tLS1CRUdJTiBDRVJUSUZJQ0FURS0tLS0tCk1JSUU2RENDQXRDZ0F3SUJBZ0lRYW00UGRCdGU2M2YvbWJyR1lPWGFpekFOQmdrcWhraUc5dzBCQVFzRkFEQU4KTVFzd0NRWURWUVFERXdKallUQWdGdzB5TXpBeE1qSXdPRE0zTURGYUdBOHlNRFV6TURFeU1qQTRORGN3TVZvdwpEVEVMTUFrR0ExVUVBeE1DWTJFd2dnSWlNQTBHQ1NxR1NJYjNEUUVCQVFVQUE0SUNEd0F3Z2dJS0FvSUNBUUNzCk5YUGNpV1dhT0hyY2J6Z2VrVlNjcjFRMm8zYS9uNzZ2NTBJeHNKWFlvWDF3MmNCUVM5aEdpYkh0c3FyUHpKVHcKTllIS2ZjSTJKekZHMnROWVR2dHBic3A3K0J6cTdFN0JQNzJIMG0xbzkzWlI1UlFuWVRhdW82R0VYV3UwWEhjSwpkc3VHOXlCZzhROGpTVTN1S0ZpYlZCaEMwSmlSN3dtT1IzeGNtUjdwaFFDa0Vnc3FUNVFBd2JSZmh2Ny9lZFJlCjJGMnJhb05xZmExQ0ZZQy9KaS84R3I3TGZzZE80VUtYUHkrNzladXJJWTJuRkt1cGJBYnBCM1JoeGdxYjBhSksKTjJyWTREdHRmQmVONDRSalFjREtFSTZsZkZseHZOaDRrNkV6R3BHNVdDdEhWbFZFZU4xcXJMU09kcmVDUnhycApmVExkRUhadDZ1QUQzQTVaYStOQWFBSTF1dmxCZ0lXQzJ6SUxCS1lKTVdvRlRLQlBpK0IzTStJV3lET3RNYlVNCkhlNGNCcFhrRUZlVUsyVnNGb0hFR2t5TUNyQ0hqbkZ1K2V6enBxTFcwWk5mM2x0NkZyOERHUWsrMFE2andtZUUKNTcyMHhFM0FmOVJtUGVwd0t3MzFMRDdrVngrL2p1WW5PdWdaTHJtL2pYVThLbThCZ25leW02Wm1lU1Bkc1FyUgpndXk5ZHNiS2l5akNyS0R4MDRBdlRoNk0xb2ZRSDdRMXpUMnUzblEvdzd3bjBWVkQvWm5jWk1pQWk2dUUweCtpCjdxWmcwSzRBVjVyaUs1NithSU9PcExTeUttUVJWemRVT25ISW1KNDlNUXB5VlZ0NkdlZ05QUHBmUXVxZTYzc2cKN1R3U2JzeHdNQW9zdkN2THllblpwMU5Fd1c5RlpTVGY5Q1kyaHdnWTFRSURBUUFCbzBJd1FEQU9CZ05WSFE4QgpBZjhFQkFNQ0FxUXdEd1lEVlIwVEFRSC9CQVV3QXdFQi96QWRCZ05WSFE0RUZnUVVQUmloWVZWN01jY0cxRXFqCkxycmZFN1ZWaDhRd0RRWUpLb1pJaHZjTkFRRUxCUUFEZ2dJQkFFTmd3bG1ML1kvOS9pM2Q1VFR2RExhTG1Yc1QKT2lucFZDOG85UktYSExGejUwb0R5bnFCbWM0cGYrUGtIcElCTTRiT0RVd1ZucGdON0ZNNWVSbmRVTWMxNXYvSgo4MDZacit5U3g3dDc3c1RCNGpyeXFxc0VSakJ0WUtWU2ZWU1VtSHVwekplbUN0TmdoWHJ5N3BPSVFqRnN4Z3dxCjUrOUZIaVU3ZHkvMkRUR2hvVHV4TEtYTjQ0QVRRR0grMmlRa3RzTzVQaTNJdUszMjZrdmNveUpZbEl6dElKOWUKeittdXpSbVF0NElEUGE2ZUJCMldoWldHM2lyRDZnU0k0b01uWkpRVGNsUkRZRW9aNEtiLyt6UG9YQVAxb3FVSgpvYlVlK2JlS2NFZGlBQUZnU1BCTFREQU9CZTRhcTFPTWFBY2dJZXE0Y0IvT0RxVUFXUzYyYXgvNEtUbnFzK0xOCnJPSHl3L0xpbzNEVDZqb1AyclgzQ1p2NWF0Ui8vamw3SFlCSlVKVVlZRDNBMzc0dkNERTIzOGx0cFpYTHArUzAKcVlyeFFBQitmbUR5TitOZVZacVRvVFBGOHZBQzFKa0xSeFNrbkJERWlzdEdpaldLaThVaFcwUDBxRlNNaENheApXdXR1ekc5YnBBOWdyTmFDRXFJdFhNMnBONWNyRGVTSHJ4d25WK0V5bTBBbG1zK05TVjVtaHVxNkpGM3NkSG55CjVLZ3JlTDRPaElaeXJWaXk5WVpnODVQTm16TGp6ZlZvZ1U0bWtIdkhhSU9RREhiMklGdWZKaFVRbDhaMWhKUEwKUlZhQno2dlpHdkZ3WXZVb1hxdWdBWWdrMzc4eDF5aXg5TDA5K0p5eXBLdmgrZFl6R2FNc1dWT1k2ZUIrcjR0VwpJUGNFdTBQRnJmU0FJN29SCi0tLS0tRU5EIENFUlRJRklDQVRFLS0tLS0K",
                "host": "https://aks-374cfcc2.hcp.westeurope.azmk8s.io:443",
                "password": "",
                "username": "clusterUser_rg-spoke-aks_aks-cluster"
              }
            ],
            "kube_config_raw": "apiVersion: v1\nclusters:\n- cluster:\n    certificate-authority-data: LS0tLS1CRUdJTiBDRVJUSUZJQ0FURS0tLS0tCk1JSUU2RENDQXRDZ0F3SUJBZ0lRYW00UGRCdGU2M2YvbWJyR1lPWGFpekFOQmdrcWhraUc5dzBCQVFzRkFEQU4KTVFzd0NRWURWUVFERXdKallUQWdGdzB5TXpBeE1qSXdPRE0zTURGYUdBOHlNRFV6TURFeU1qQTRORGN3TVZvdwpEVEVMTUFrR0ExVUVBeE1DWTJFd2dnSWlNQTBHQ1NxR1NJYjNEUUVCQVFVQUE0SUNEd0F3Z2dJS0FvSUNBUUNzCk5YUGNpV1dhT0hyY2J6Z2VrVlNjcjFRMm8zYS9uNzZ2NTBJeHNKWFlvWDF3MmNCUVM5aEdpYkh0c3FyUHpKVHcKTllIS2ZjSTJKekZHMnROWVR2dHBic3A3K0J6cTdFN0JQNzJIMG0xbzkzWlI1UlFuWVRhdW82R0VYV3UwWEhjSwpkc3VHOXlCZzhROGpTVTN1S0ZpYlZCaEMwSmlSN3dtT1IzeGNtUjdwaFFDa0Vnc3FUNVFBd2JSZmh2Ny9lZFJlCjJGMnJhb05xZmExQ0ZZQy9KaS84R3I3TGZzZE80VUtYUHkrNzladXJJWTJuRkt1cGJBYnBCM1JoeGdxYjBhSksKTjJyWTREdHRmQmVONDRSalFjREtFSTZsZkZseHZOaDRrNkV6R3BHNVdDdEhWbFZFZU4xcXJMU09kcmVDUnhycApmVExkRUhadDZ1QUQzQTVaYStOQWFBSTF1dmxCZ0lXQzJ6SUxCS1lKTVdvRlRLQlBpK0IzTStJV3lET3RNYlVNCkhlNGNCcFhrRUZlVUsyVnNGb0hFR2t5TUNyQ0hqbkZ1K2V6enBxTFcwWk5mM2x0NkZyOERHUWsrMFE2andtZUUKNTcyMHhFM0FmOVJtUGVwd0t3MzFMRDdrVngrL2p1WW5PdWdaTHJtL2pYVThLbThCZ25leW02Wm1lU1Bkc1FyUgpndXk5ZHNiS2l5akNyS0R4MDRBdlRoNk0xb2ZRSDdRMXpUMnUzblEvdzd3bjBWVkQvWm5jWk1pQWk2dUUweCtpCjdxWmcwSzRBVjVyaUs1NithSU9PcExTeUttUVJWemRVT25ISW1KNDlNUXB5VlZ0NkdlZ05QUHBmUXVxZTYzc2cKN1R3U2JzeHdNQW9zdkN2THllblpwMU5Fd1c5RlpTVGY5Q1kyaHdnWTFRSURBUUFCbzBJd1FEQU9CZ05WSFE4QgpBZjhFQkFNQ0FxUXdEd1lEVlIwVEFRSC9CQVV3QXdFQi96QWRCZ05WSFE0RUZnUVVQUmloWVZWN01jY0cxRXFqCkxycmZFN1ZWaDhRd0RRWUpLb1pJaHZjTkFRRUxCUUFEZ2dJQkFFTmd3bG1ML1kvOS9pM2Q1VFR2RExhTG1Yc1QKT2lucFZDOG85UktYSExGejUwb0R5bnFCbWM0cGYrUGtIcElCTTRiT0RVd1ZucGdON0ZNNWVSbmRVTWMxNXYvSgo4MDZacit5U3g3dDc3c1RCNGpyeXFxc0VSakJ0WUtWU2ZWU1VtSHVwekplbUN0TmdoWHJ5N3BPSVFqRnN4Z3dxCjUrOUZIaVU3ZHkvMkRUR2hvVHV4TEtYTjQ0QVRRR0grMmlRa3RzTzVQaTNJdUszMjZrdmNveUpZbEl6dElKOWUKeittdXpSbVF0NElEUGE2ZUJCMldoWldHM2lyRDZnU0k0b01uWkpRVGNsUkRZRW9aNEtiLyt6UG9YQVAxb3FVSgpvYlVlK2JlS2NFZGlBQUZnU1BCTFREQU9CZTRhcTFPTWFBY2dJZXE0Y0IvT0RxVUFXUzYyYXgvNEtUbnFzK0xOCnJPSHl3L0xpbzNEVDZqb1AyclgzQ1p2NWF0Ui8vamw3SFlCSlVKVVlZRDNBMzc0dkNERTIzOGx0cFpYTHArUzAKcVlyeFFBQitmbUR5TitOZVZacVRvVFBGOHZBQzFKa0xSeFNrbkJERWlzdEdpaldLaThVaFcwUDBxRlNNaENheApXdXR1ekc5YnBBOWdyTmFDRXFJdFhNMnBONWNyRGVTSHJ4d25WK0V5bTBBbG1zK05TVjVtaHVxNkpGM3NkSG55CjVLZ3JlTDRPaElaeXJWaXk5WVpnODVQTm16TGp6ZlZvZ1U0bWtIdkhhSU9RREhiMklGdWZKaFVRbDhaMWhKUEwKUlZhQno2dlpHdkZ3WXZVb1hxdWdBWWdrMzc4eDF5aXg5TDA5K0p5eXBLdmgrZFl6R2FNc1dWT1k2ZUIrcjR0VwpJUGNFdTBQRnJmU0FJN29SCi0tLS0tRU5EIENFUlRJRklDQVRFLS0tLS0K\n    server: https://aks-374cfcc2.hcp.westeurope.azmk8s.io:443\n  name: aks-cluster\ncontexts:\n- context:\n    cluster: aks-cluster\n    user: clusterUser_rg-spoke-aks_aks-cluster\n  name: aks-cluster\ncurrent-context: aks-cluster\nkind: Config\npreferences: {}\nusers:\n- name: clusterUser_rg-spoke-aks_aks-cluster\n  user:\n    exec:\n      apiVersion: client.authentication.k8s.io/v1beta1\n      args:\n      - get-token\n      - --environment\n      - AzurePublicCloud\n      - --server-id\n      - 6dae42f8-4368-4678-94ff-3960e28e3630\n      - --client-id\n      - 80faf920-1908-4b52-b5ef-a8e7bedfc67a\n      - --tenant-id\n      - 16b3c013-d300-468d-ac64-7eda0820b6d3\n      - --login\n      - devicecode\n      command: kubelogin\n      env: null\n      provideClusterInfo: false\n",
            "kubelet_identity": [
              {
                "client_id": "1fabea13-68e0-42d1-9b51-154cdb38f6d8",
                "object_id": "8d1fbf25-478f-4761-87fa-106ca79b40cf",
                "user_assigned_identity_id": "/subscriptions/82f6d75e-85f4-434a-ab74-5dddd9fa8910/resourceGroups/rg-spoke-aks/providers/Microsoft.ManagedIdentity/userAssignedIdentities/identity-kubelet"
              }
            ],
            "kubernetes_version": "1.25.4",
            "linux_profile": [],
            "local_account_disabled": true,
            "location": "westeurope",
            "maintenance_window": [
              {
                "allowed": [
                  {
                    "day": "Saturday",
                    "hours": [
                      2,
                      8
                    ]
                  }
                ],
                "not_allowed": []
              }
            ],
            "microsoft_defender": [],
            "monitor_metrics": [],
            "name": "aks-cluster",
            "network_profile": [
              {
                "dns_service_ip": "10.0.0.10",
                "docker_bridge_cidr": "172.17.0.1/16",
                "ebpf_data_plane": "",
                "ip_versions": [
                  "IPv4"
                ],
                "load_balancer_profile": [
                  {
                    "effective_outbound_ips": [
                      "/subscriptions/82f6d75e-85f4-434a-ab74-5dddd9fa8910/resourceGroups/rg-spoke-aks-nodes/providers/Microsoft.Network/publicIPAddresses/3793b8ac-0e68-4cc6-a116-151a09dbdbfb",
                      "/subscriptions/82f6d75e-85f4-434a-ab74-5dddd9fa8910/resourceGroups/rg-spoke-aks-nodes/providers/Microsoft.Network/publicIPAddresses/de961d4a-d3d1-4ddb-8950-d00e460f2e4f"
                    ],
                    "idle_timeout_in_minutes": 30,
                    "managed_outbound_ip_count": 2,
                    "managed_outbound_ipv6_count": 0,
                    "outbound_ip_address_ids": [],
                    "outbound_ip_prefix_ids": [],
                    "outbound_ports_allocated": 0
                  }
                ],
                "load_balancer_sku": "standard",
                "nat_gateway_profile": [],
                "network_mode": "",
                "network_plugin": "azure",
                "network_plugin_mode": "",
                "network_policy": "calico",
                "outbound_type": "loadBalancer",
                "pod_cidr": "",
                "pod_cidrs": [],
                "service_cidr": "10.0.0.0/16",
                "service_cidrs": [
                  "10.0.0.0/16"
                ]
              }
            ],
            "node_resource_group": "rg-spoke-aks-nodes",
            "oidc_issuer_enabled": true,
            "oidc_issuer_url": "https://westeurope.oic.prod-aks.azure.com/16b3c013-d300-468d-ac64-7eda0820b6d3/ce01ce83-dde1-4ee9-82a2-a57764488e5d/",
            "oms_agent": [
              {
                "log_analytics_workspace_id": "/subscriptions/82f6d75e-85f4-434a-ab74-5dddd9fa8910/resourceGroups/rg-spoke-app/providers/Microsoft.OperationalInsights/workspaces/loganalyticsforaks011",
                "oms_agent_identity": [
                  {
                    "client_id": "919fae7d-fe59-49a9-b921-c3b89cb9fc46",
                    "object_id": "67b25cb0-4ebc-4978-bfb5-8ad188d7d1aa",
                    "user_assigned_identity_id": "/subscriptions/82f6d75e-85f4-434a-ab74-5dddd9fa8910/resourcegroups/rg-spoke-aks-nodes/providers/Microsoft.ManagedIdentity/userAssignedIdentities/omsagent-aks-cluster"
                  }
                ]
              }
            ],
            "open_service_mesh_enabled": true,
            "portal_fqdn": "aks-374cfcc2.portal.hcp.westeurope.azmk8s.io",
            "private_cluster_enabled": false,
            "private_cluster_public_fqdn_enabled": false,
            "private_dns_zone_id": "",
            "private_fqdn": "",
            "public_network_access_enabled": true,
            "resource_group_name": "rg-spoke-aks",
            "role_based_access_control_enabled": true,
            "run_command_enabled": true,
            "service_principal": [],
            "sku_tier": "Free",
            "storage_profile": [],
            "tags": {
              "architecture": "Hub\u0026Spoke",
              "environment": "development",
              "source": "terraform"
            },
            "timeouts": null,
            "web_app_routing": [],
            "windows_profile": [
              {
                "admin_password": "",
                "admin_username": "azureuser",
                "gmsa": [],
                "license": ""
              }
            ],
            "workload_autoscaler_profile": [
              {
                "keda_enabled": true
              }
            ],
            "workload_identity_enabled": true
          },
          "sensitive_attributes": [],
          "private": "eyJlMmJmYjczMC1lY2FhLTExZTYtOGY4OC0zNDM2M2JjN2M0YzAiOnsiY3JlYXRlIjo1NDAwMDAwMDAwMDAwLCJkZWxldGUiOjU0MDAwMDAwMDAwMDAsInJlYWQiOjMwMDAwMDAwMDAwMCwidXBkYXRlIjo1NDAwMDAwMDAwMDAwfSwic2NoZW1hX3ZlcnNpb24iOiIyIn0=",
          "dependencies": [
            "azuread_group.aks_admins",
            "azurerm_application_gateway.appgw",
            "azurerm_firewall.firewall",
            "azurerm_firewall_policy.firewall_policy",
            "azurerm_log_analytics_workspace.workspace",
            "azurerm_private_dns_zone.private_dns_zone_aks",
            "azurerm_public_ip.appgw_pip",
            "azurerm_public_ip.public_ip_firewall",
            "azurerm_resource_group.rg_hub",
            "azurerm_resource_group.rg_spoke_aks",
            "azurerm_resource_group.rg_spoke_app",
            "azurerm_subnet.subnet_apiserver",
            "azurerm_subnet.subnet_appgw",
            "azurerm_subnet.subnet_firewall",
            "azurerm_subnet.subnet_nodes",
            "azurerm_subnet.subnet_pods",
            "azurerm_user_assigned_identity.identity-kubelet",
            "azurerm_user_assigned_identity.identity_aks",
            "azurerm_virtual_network.vnet_hub",
            "azurerm_virtual_network.vnet_spoke_app",
            "data.azuread_client_config.current",
            "data.azurerm_subscription.subscription_spoke"
          ]
        }
      ]
    },
    {
      "mode": "managed",
      "type": "azurerm_linux_virtual_machine",
      "name": "vm_jumpbox_linux",
      "provider": "provider[\"registry.terraform.io/hashicorp/azurerm\"]",
      "instances": [
        {
          "index_key": 0,
          "schema_version": 0,
          "attributes": {
            "additional_capabilities": [],
            "admin_password": "@Aa123456789",
            "admin_ssh_key": [],
            "admin_username": "houssem",
            "allow_extension_operations": true,
            "availability_set_id": "",
            "boot_diagnostics": [
              {
                "storage_account_uri": ""
              }
            ],
            "capacity_reservation_group_id": "",
            "computer_name": "vm-jumpbox-linux",
            "custom_data": null,
            "dedicated_host_group_id": "",
            "dedicated_host_id": "",
            "disable_password_authentication": false,
            "edge_zone": "",
            "encryption_at_host_enabled": false,
            "eviction_policy": "",
            "extensions_time_budget": "PT1H30M",
            "gallery_application": [],
            "id": "/subscriptions/82f6d75e-85f4-434a-ab74-5dddd9fa8910/resourceGroups/rg-spoke-mgt/providers/Microsoft.Compute/virtualMachines/vm-jumpbox-linux",
            "identity": [
              {
                "identity_ids": [
                  "/subscriptions/82f6d75e-85f4-434a-ab74-5dddd9fa8910/resourceGroups/rg-spoke-mgt/providers/Microsoft.ManagedIdentity/userAssignedIdentities/identity_vm_linux"
                ],
                "principal_id": "",
                "tenant_id": "",
                "type": "UserAssigned"
              }
            ],
            "license_type": "",
            "location": "westeurope",
            "max_bid_price": -1,
            "name": "vm-jumpbox-linux",
            "network_interface_ids": [
              "/subscriptions/82f6d75e-85f4-434a-ab74-5dddd9fa8910/resourceGroups/rg-spoke-mgt/providers/Microsoft.Network/networkInterfaces/nic-vm-jumpbox-linux"
            ],
            "os_disk": [
              {
                "caching": "ReadWrite",
                "diff_disk_settings": [],
                "disk_encryption_set_id": "",
                "disk_size_gb": 30,
                "name": "vm-jumpbox-linux_OsDisk_1_2e7ed14840244405a986906d1bdc9f38",
                "secure_vm_disk_encryption_set_id": "",
                "security_encryption_type": "",
                "storage_account_type": "StandardSSD_LRS",
                "write_accelerator_enabled": false
              }
            ],
            "patch_assessment_mode": "ImageDefault",
            "patch_mode": "ImageDefault",
            "plan": [],
            "platform_fault_domain": -1,
            "priority": "Regular",
            "private_ip_address": "10.2.0.5",
            "private_ip_addresses": [
              "10.2.0.5"
            ],
            "provision_vm_agent": true,
            "proximity_placement_group_id": "",
            "public_ip_address": "",
            "public_ip_addresses": [],
            "resource_group_name": "rg-spoke-mgt",
            "secret": [],
            "secure_boot_enabled": false,
            "size": "Standard_B2s",
            "source_image_id": "",
            "source_image_reference": [
              {
                "offer": "UbuntuServer",
                "publisher": "Canonical",
                "sku": "18.04-LTS",
                "version": "latest"
              }
            ],
            "tags": {},
            "termination_notification": [],
            "timeouts": null,
            "user_data": "",
            "virtual_machine_id": "1d032c2a-31a9-4f77-b24a-875de8fd5ebf",
            "virtual_machine_scale_set_id": "",
            "vtpm_enabled": false,
            "zone": ""
          },
          "sensitive_attributes": [],
          "private": "eyJlMmJmYjczMC1lY2FhLTExZTYtOGY4OC0zNDM2M2JjN2M0YzAiOnsiY3JlYXRlIjoyNzAwMDAwMDAwMDAwLCJkZWxldGUiOjI3MDAwMDAwMDAwMDAsInJlYWQiOjMwMDAwMDAwMDAwMCwidXBkYXRlIjoyNzAwMDAwMDAwMDAwfX0=",
          "dependencies": [
            "azurerm_firewall.firewall",
            "azurerm_firewall_policy.firewall_policy",
            "azurerm_log_analytics_workspace.workspace",
            "azurerm_network_interface.nic_vm_jumpbox_linux",
            "azurerm_public_ip.public_ip_firewall",
            "azurerm_resource_group.rg_hub",
            "azurerm_resource_group.rg_spoke_app",
            "azurerm_resource_group.rg_spoke_mgt",
            "azurerm_subnet.subnet_firewall",
            "azurerm_subnet.subnet_mgt",
            "azurerm_user_assigned_identity.identity_vm_linux",
            "azurerm_virtual_network.vnet_hub",
            "azurerm_virtual_network.vnet_spoke_mgt"
          ]
        }
      ]
    },
    {
      "mode": "managed",
      "type": "azurerm_linux_web_app",
      "name": "webapp_backend",
      "provider": "provider[\"registry.terraform.io/hashicorp/azurerm\"]",
      "instances": [
        {
          "index_key": 0,
          "schema_version": 0,
          "attributes": {
            "app_settings": {},
            "auth_settings": [
              {
                "active_directory": [],
                "additional_login_parameters": {},
                "allowed_external_redirect_urls": [],
                "default_provider": "",
                "enabled": false,
                "facebook": [],
                "github": [],
                "google": [],
                "issuer": "",
                "microsoft": [],
                "runtime_version": "",
                "token_refresh_extension_hours": 0,
                "token_store_enabled": false,
                "twitter": [],
                "unauthenticated_client_action": ""
              }
            ],
            "backup": [],
            "client_affinity_enabled": false,
            "client_certificate_enabled": false,
            "client_certificate_exclusion_paths": "",
            "client_certificate_mode": "Required",
            "connection_string": [],
            "custom_domain_verification_id": "5EB5439D8586817EB60FDE8449E3F1B71E96439447FA9C53144C8FB1985BA85D",
            "default_hostname": "webapp-backend-011.azurewebsites.net",
            "enabled": true,
            "https_only": true,
            "id": "/subscriptions/82f6d75e-85f4-434a-ab74-5dddd9fa8910/resourceGroups/rg-spoke3/providers/Microsoft.Web/sites/webapp-backend-011",
            "identity": [],
            "key_vault_reference_identity_id": "SystemAssigned",
            "kind": "app,linux",
            "location": "westeurope",
            "logs": [],
            "name": "webapp-backend-011",
            "outbound_ip_address_list": [
              "40.74.8.223",
              "40.74.8.234",
              "40.74.9.13",
              "40.74.9.25",
              "40.74.9.38",
              "40.74.18.225",
              "20.50.2.86"
            ],
            "outbound_ip_addresses": "40.74.8.223,40.74.8.234,40.74.9.13,40.74.9.25,40.74.9.38,40.74.18.225,20.50.2.86",
            "possible_outbound_ip_address_list": [
              "40.74.8.88",
              "40.74.8.98",
              "40.74.8.103",
              "40.74.8.117",
              "40.74.8.205",
              "40.74.8.24",
              "40.74.8.223",
              "40.74.8.234",
              "40.74.9.13",
              "40.74.9.25",
              "40.74.9.38",
              "40.74.18.225",
              "40.74.9.42",
              "40.74.9.48",
              "40.74.9.85",
              "40.74.9.93",
              "40.74.9.108",
              "40.74.9.143",
              "20.54.218.128",
              "20.54.219.244",
              "20.54.221.3",
              "20.54.221.30",
              "20.54.221.102",
              "20.54.221.105",
              "20.50.2.86"
            ],
            "possible_outbound_ip_addresses": "40.74.8.88,40.74.8.98,40.74.8.103,40.74.8.117,40.74.8.205,40.74.8.24,40.74.8.223,40.74.8.234,40.74.9.13,40.74.9.25,40.74.9.38,40.74.18.225,40.74.9.42,40.74.9.48,40.74.9.85,40.74.9.93,40.74.9.108,40.74.9.143,20.54.218.128,20.54.219.244,20.54.221.3,20.54.221.30,20.54.221.102,20.54.221.105,20.50.2.86",
            "resource_group_name": "rg-spoke3",
            "service_plan_id": "/subscriptions/82f6d75e-85f4-434a-ab74-5dddd9fa8910/resourceGroups/rg-spoke3/providers/Microsoft.Web/serverfarms/service-plan",
            "site_config": [
              {
                "always_on": true,
                "api_definition_url": "",
                "api_management_api_id": "",
                "app_command_line": "",
                "application_stack": [
                  {
                    "docker_image": "",
                    "docker_image_tag": "",
                    "dotnet_version": "",
                    "go_version": "",
                    "java_server": "",
                    "java_server_version": "",
                    "java_version": "",
                    "node_version": "",
                    "php_version": "",
                    "python_version": "",
                    "ruby_version": ""
                  }
                ],
                "auto_heal_enabled": false,
                "auto_heal_setting": [],
                "container_registry_managed_identity_client_id": "",
                "container_registry_use_managed_identity": false,
                "cors": [],
                "default_documents": [
                  "Default.htm",
                  "Default.html",
                  "Default.asp",
                  "index.htm",
                  "index.html",
                  "iisstart.htm",
                  "default.aspx",
                  "index.php",
                  "hostingstart.html"
                ],
                "detailed_error_logging_enabled": false,
                "ftps_state": "Disabled",
                "health_check_eviction_time_in_min": 0,
                "health_check_path": "",
                "http2_enabled": false,
                "ip_restriction": [],
                "linux_fx_version": "",
                "load_balancing_mode": "LeastRequests",
                "local_mysql_enabled": false,
                "managed_pipeline_mode": "Integrated",
                "minimum_tls_version": "1.2",
                "remote_debugging_enabled": false,
                "remote_debugging_version": "VS2019",
                "scm_ip_restriction": [],
                "scm_minimum_tls_version": "1.2",
                "scm_type": "None",
                "scm_use_main_ip_restriction": false,
                "use_32_bit_worker": true,
                "vnet_route_all_enabled": false,
                "websockets_enabled": false,
                "worker_count": 1
              }
            ],
            "site_credential": [
              {
                "name": "$webapp-backend-011",
                "password": "stqlaco7TqEflsTgmaDnetL6ipxbsHPRt5fsTnFEFvwyx0xE9Qcgf70LEYMb"
              }
            ],
            "sticky_settings": [],
            "storage_account": [],
            "tags": {},
            "timeouts": null,
            "virtual_network_subnet_id": "",
            "zip_deploy_file": ""
          },
          "sensitive_attributes": [],
          "private": "eyJlMmJmYjczMC1lY2FhLTExZTYtOGY4OC0zNDM2M2JjN2M0YzAiOnsiY3JlYXRlIjoxODAwMDAwMDAwMDAwLCJkZWxldGUiOjE4MDAwMDAwMDAwMDAsInJlYWQiOjMwMDAwMDAwMDAwMCwidXBkYXRlIjoxODAwMDAwMDAwMDAwfX0=",
          "dependencies": [
            "azurerm_resource_group.rg_spoke3",
            "azurerm_service_plan.service_plan"
          ]
        }
      ]
    },
    {
      "mode": "managed",
      "type": "azurerm_linux_web_app",
      "name": "webapp_frontent",
      "provider": "provider[\"registry.terraform.io/hashicorp/azurerm\"]",
      "instances": [
        {
          "index_key": 0,
          "schema_version": 0,
          "attributes": {
            "app_settings": {
              "WEBSITE_DNS_SERVER": "168.63.129.16"
            },
            "auth_settings": [
              {
                "active_directory": [],
                "additional_login_parameters": {},
                "allowed_external_redirect_urls": [],
                "default_provider": "",
                "enabled": false,
                "facebook": [],
                "github": [],
                "google": [],
                "issuer": "",
                "microsoft": [],
                "runtime_version": "",
                "token_refresh_extension_hours": 0,
                "token_store_enabled": false,
                "twitter": [],
                "unauthenticated_client_action": ""
              }
            ],
            "backup": [],
            "client_affinity_enabled": false,
            "client_certificate_enabled": false,
            "client_certificate_exclusion_paths": "",
            "client_certificate_mode": "Required",
            "connection_string": [],
            "custom_domain_verification_id": "5EB5439D8586817EB60FDE8449E3F1B71E96439447FA9C53144C8FB1985BA85D",
            "default_hostname": "webapp-frontent-011.azurewebsites.net",
            "enabled": true,
            "https_only": false,
            "id": "/subscriptions/82f6d75e-85f4-434a-ab74-5dddd9fa8910/resourceGroups/rg-spoke3/providers/Microsoft.Web/sites/webapp-frontent-011",
            "identity": [],
            "key_vault_reference_identity_id": "SystemAssigned",
            "kind": "app,linux",
            "location": "westeurope",
            "logs": [],
            "name": "webapp-frontent-011",
            "outbound_ip_address_list": [
              "40.74.8.223",
              "40.74.8.234",
              "40.74.9.13",
              "40.74.9.25",
              "40.74.9.38",
              "40.74.18.225",
              "20.50.2.86"
            ],
            "outbound_ip_addresses": "40.74.8.223,40.74.8.234,40.74.9.13,40.74.9.25,40.74.9.38,40.74.18.225,20.50.2.86",
            "possible_outbound_ip_address_list": [
              "40.74.8.88",
              "40.74.8.98",
              "40.74.8.103",
              "40.74.8.117",
              "40.74.8.205",
              "40.74.8.24",
              "40.74.8.223",
              "40.74.8.234",
              "40.74.9.13",
              "40.74.9.25",
              "40.74.9.38",
              "40.74.18.225",
              "40.74.9.42",
              "40.74.9.48",
              "40.74.9.85",
              "40.74.9.93",
              "40.74.9.108",
              "40.74.9.143",
              "20.54.218.128",
              "20.54.219.244",
              "20.54.221.3",
              "20.54.221.30",
              "20.54.221.102",
              "20.54.221.105",
              "20.50.2.86"
            ],
            "possible_outbound_ip_addresses": "40.74.8.88,40.74.8.98,40.74.8.103,40.74.8.117,40.74.8.205,40.74.8.24,40.74.8.223,40.74.8.234,40.74.9.13,40.74.9.25,40.74.9.38,40.74.18.225,40.74.9.42,40.74.9.48,40.74.9.85,40.74.9.93,40.74.9.108,40.74.9.143,20.54.218.128,20.54.219.244,20.54.221.3,20.54.221.30,20.54.221.102,20.54.221.105,20.50.2.86",
            "resource_group_name": "rg-spoke3",
            "service_plan_id": "/subscriptions/82f6d75e-85f4-434a-ab74-5dddd9fa8910/resourceGroups/rg-spoke3/providers/Microsoft.Web/serverfarms/service-plan",
            "site_config": [
              {
                "always_on": true,
                "api_definition_url": "",
                "api_management_api_id": "",
                "app_command_line": "",
                "application_stack": [
                  {
                    "docker_image": "",
                    "docker_image_tag": "",
                    "dotnet_version": "",
                    "go_version": "",
                    "java_server": "",
                    "java_server_version": "",
                    "java_version": "",
                    "node_version": "",
                    "php_version": "",
                    "python_version": "",
                    "ruby_version": ""
                  }
                ],
                "auto_heal_enabled": false,
                "auto_heal_setting": [],
                "container_registry_managed_identity_client_id": "",
                "container_registry_use_managed_identity": false,
                "cors": [],
                "default_documents": [
                  "Default.htm",
                  "Default.html",
                  "Default.asp",
                  "index.htm",
                  "index.html",
                  "iisstart.htm",
                  "default.aspx",
                  "index.php",
                  "hostingstart.html"
                ],
                "detailed_error_logging_enabled": false,
                "ftps_state": "Disabled",
                "health_check_eviction_time_in_min": 0,
                "health_check_path": "",
                "http2_enabled": false,
                "ip_restriction": [],
                "linux_fx_version": "",
                "load_balancing_mode": "LeastRequests",
                "local_mysql_enabled": false,
                "managed_pipeline_mode": "Integrated",
                "minimum_tls_version": "1.2",
                "remote_debugging_enabled": false,
                "remote_debugging_version": "VS2019",
                "scm_ip_restriction": [],
                "scm_minimum_tls_version": "1.2",
                "scm_type": "ExternalGit",
                "scm_use_main_ip_restriction": false,
                "use_32_bit_worker": true,
                "vnet_route_all_enabled": false,
                "websockets_enabled": false,
                "worker_count": 1
              }
            ],
            "site_credential": [
              {
                "name": "$webapp-frontent-011",
                "password": "labwAYHtkMlKWs01bSe9zrDPQjrWEA4SSBBPAjrRJ1h8LaeLgQnHR9Yi17od"
              }
            ],
            "sticky_settings": [],
            "storage_account": [],
            "tags": {},
            "timeouts": null,
            "virtual_network_subnet_id": "/subscriptions/82f6d75e-85f4-434a-ab74-5dddd9fa8910/resourceGroups/rg-spoke3/providers/Microsoft.Network/virtualNetworks/vnet_spoke3/subnets/snet-vnet-integration",
            "zip_deploy_file": ""
          },
          "sensitive_attributes": [],
          "private": "eyJlMmJmYjczMC1lY2FhLTExZTYtOGY4OC0zNDM2M2JjN2M0YzAiOnsiY3JlYXRlIjoxODAwMDAwMDAwMDAwLCJkZWxldGUiOjE4MDAwMDAwMDAwMDAsInJlYWQiOjMwMDAwMDAwMDAwMCwidXBkYXRlIjoxODAwMDAwMDAwMDAwfX0=",
          "dependencies": [
            "azurerm_firewall.firewall",
            "azurerm_firewall_policy.firewall_policy",
            "azurerm_log_analytics_workspace.workspace",
            "azurerm_public_ip.public_ip_firewall",
            "azurerm_resource_group.rg_hub",
            "azurerm_resource_group.rg_spoke3",
            "azurerm_resource_group.rg_spoke_app",
            "azurerm_service_plan.service_plan",
            "azurerm_subnet.snet_vnet_integration",
            "azurerm_subnet.subnet_firewall",
            "azurerm_virtual_network.vnet_hub",
            "azurerm_virtual_network.vnet_spoke3"
          ]
        }
      ]
    },
    {
      "mode": "managed",
      "type": "azurerm_log_analytics_solution",
      "name": "solution",
      "provider": "provider[\"registry.terraform.io/hashicorp/azurerm\"]",
      "instances": [
        {
          "index_key": 0,
          "schema_version": 1,
          "attributes": {
            "id": "/subscriptions/82f6d75e-85f4-434a-ab74-5dddd9fa8910/resourceGroups/rg-spoke-app/providers/Microsoft.OperationsManagement/solutions/ContainerInsights(loganalyticsforaks011)",
            "location": "westeurope",
            "plan": [
              {
                "name": "ContainerInsights(loganalyticsforaks011)",
                "product": "OMSGallery/ContainerInsights",
                "promotion_code": "",
                "publisher": "Microsoft"
              }
            ],
            "resource_group_name": "rg-spoke-app",
            "solution_name": "ContainerInsights",
            "tags": {
              "architecture": "Hub\u0026Spoke",
              "environment": "development",
              "source": "terraform"
            },
            "timeouts": null,
            "workspace_name": "loganalyticsforaks011",
            "workspace_resource_id": "/subscriptions/82f6d75e-85f4-434a-ab74-5dddd9fa8910/resourceGroups/rg-spoke-app/providers/Microsoft.OperationalInsights/workspaces/loganalyticsforaks011"
          },
          "sensitive_attributes": [],
          "private": "eyJlMmJmYjczMC1lY2FhLTExZTYtOGY4OC0zNDM2M2JjN2M0YzAiOnsiY3JlYXRlIjoxODAwMDAwMDAwMDAwLCJkZWxldGUiOjE4MDAwMDAwMDAwMDAsInJlYWQiOjMwMDAwMDAwMDAwMCwidXBkYXRlIjoxODAwMDAwMDAwMDAwfSwic2NoZW1hX3ZlcnNpb24iOiIxIn0=",
          "dependencies": [
            "azurerm_log_analytics_workspace.workspace",
            "azurerm_resource_group.rg_spoke_app"
          ]
        }
      ]
    },
    {
      "mode": "managed",
      "type": "azurerm_log_analytics_workspace",
      "name": "workspace",
      "provider": "provider[\"registry.terraform.io/hashicorp/azurerm\"]",
      "instances": [
        {
          "index_key": 0,
          "schema_version": 2,
          "attributes": {
            "allow_resource_only_permissions": true,
            "cmk_for_query_forced": false,
            "daily_quota_gb": -1,
            "id": "/subscriptions/82f6d75e-85f4-434a-ab74-5dddd9fa8910/resourceGroups/rg-spoke-app/providers/Microsoft.OperationalInsights/workspaces/loganalyticsforaks011",
            "internet_ingestion_enabled": true,
            "internet_query_enabled": true,
            "location": "westeurope",
            "name": "loganalyticsforaks011",
            "primary_shared_key": "m2PRhK3pYHbvC689HUvM/dyMA60WckMezHQc/GcCAVwG91Ho/XiYlPoS4zxFo3DbfQAIFYQbbjzfyGyaS8lsMA==",
            "reservation_capacity_in_gb_per_day": null,
            "resource_group_name": "rg-spoke-app",
            "retention_in_days": 30,
            "secondary_shared_key": "cIis350hhvSoTvYBKLw2WnzHmps/2kupe+IQeobG6J1FMFj+XnvYnTUOhZ4yvij2F8cyBaPd6d/hv3FBH4QD2g==",
            "sku": "PerGB2018",
            "tags": {
              "architecture": "Hub\u0026Spoke",
              "environment": "development",
              "source": "terraform"
            },
            "timeouts": null,
            "workspace_id": "84f74e5b-8aaa-46c1-9709-c8189d186de3"
          },
          "sensitive_attributes": [],
          "private": "eyJlMmJmYjczMC1lY2FhLTExZTYtOGY4OC0zNDM2M2JjN2M0YzAiOnsiY3JlYXRlIjoxODAwMDAwMDAwMDAwLCJkZWxldGUiOjE4MDAwMDAwMDAwMDAsInJlYWQiOjMwMDAwMDAwMDAwMCwidXBkYXRlIjoxODAwMDAwMDAwMDAwfSwic2NoZW1hX3ZlcnNpb24iOiIyIn0=",
          "dependencies": [
            "azurerm_resource_group.rg_spoke_app"
          ],
          "create_before_destroy": true
        }
      ]
    },
    {
      "mode": "managed",
      "type": "azurerm_monitor_diagnostic_setting",
      "name": "diagnostic_settings_acr",
      "provider": "provider[\"registry.terraform.io/hashicorp/azurerm\"]",
      "instances": [
        {
          "index_key": 0,
          "schema_version": 0,
          "attributes": {
            "enabled_log": [
              {
                "category": "ContainerRegistryLoginEvents",
                "category_group": "",
                "retention_policy": [
                  {
                    "days": 0,
                    "enabled": true
                  }
                ]
              },
              {
                "category": "ContainerRegistryRepositoryEvents",
                "category_group": "",
                "retention_policy": [
                  {
                    "days": 0,
                    "enabled": true
                  }
                ]
              }
            ],
            "eventhub_authorization_rule_id": "",
            "eventhub_name": "",
            "id": "/subscriptions/82f6d75e-85f4-434a-ab74-5dddd9fa8910/resourceGroups/rg-spoke-app/providers/Microsoft.ContainerRegistry/registries/acrforakstf013|diagnostic-settings",
            "log": [
              {
                "category": "ContainerRegistryLoginEvents",
                "category_group": "",
                "enabled": true,
                "retention_policy": [
                  {
                    "days": 0,
                    "enabled": true
                  }
                ]
              },
              {
                "category": "ContainerRegistryRepositoryEvents",
                "category_group": "",
                "enabled": true,
                "retention_policy": [
                  {
                    "days": 0,
                    "enabled": true
                  }
                ]
              }
            ],
            "log_analytics_destination_type": "",
            "log_analytics_workspace_id": "/subscriptions/82f6d75e-85f4-434a-ab74-5dddd9fa8910/resourceGroups/rg-spoke-app/providers/Microsoft.OperationalInsights/workspaces/loganalyticsforaks011",
            "metric": [
              {
                "category": "AllMetrics",
                "enabled": true,
                "retention_policy": [
                  {
                    "days": 0,
                    "enabled": true
                  }
                ]
              }
            ],
            "name": "diagnostic-settings",
            "partner_solution_id": null,
            "storage_account_id": null,
            "target_resource_id": "/subscriptions/82f6d75e-85f4-434a-ab74-5dddd9fa8910/resourceGroups/rg-spoke-app/providers/Microsoft.ContainerRegistry/registries/acrforakstf013",
            "timeouts": {
              "create": null,
              "delete": null,
              "read": null,
              "update": null
            }
          },
          "sensitive_attributes": [],
          "private": "eyJlMmJmYjczMC1lY2FhLTExZTYtOGY4OC0zNDM2M2JjN2M0YzAiOnsiY3JlYXRlIjoxODAwMDAwMDAwMDAwLCJkZWxldGUiOjM2MDAwMDAwMDAwMDAsInJlYWQiOjMwMDAwMDAwMDAwMCwidXBkYXRlIjoxODAwMDAwMDAwMDAwfX0=",
          "dependencies": [
            "azurerm_container_registry.acr",
            "azurerm_log_analytics_workspace.workspace"
          ]
        }
      ]
    },
    {
      "mode": "managed",
      "type": "azurerm_monitor_diagnostic_setting",
      "name": "diagnostic_settings_aks",
      "provider": "provider[\"registry.terraform.io/hashicorp/azurerm\"]",
      "instances": [
        {
          "index_key": 0,
          "schema_version": 0,
          "attributes": {
            "enabled_log": [
              {
                "category": "cloud-controller-manager",
                "category_group": "",
                "retention_policy": [
                  {
                    "days": 0,
                    "enabled": true
                  }
                ]
              },
              {
                "category": "cluster-autoscaler",
                "category_group": "",
                "retention_policy": [
                  {
                    "days": 0,
                    "enabled": true
                  }
                ]
              },
              {
                "category": "csi-azuredisk-controller",
                "category_group": "",
                "retention_policy": [
                  {
                    "days": 0,
                    "enabled": true
                  }
                ]
              },
              {
                "category": "csi-azurefile-controller",
                "category_group": "",
                "retention_policy": [
                  {
                    "days": 0,
                    "enabled": true
                  }
                ]
              },
              {
                "category": "csi-snapshot-controller",
                "category_group": "",
                "retention_policy": [
                  {
                    "days": 0,
                    "enabled": true
                  }
                ]
              },
              {
                "category": "guard",
                "category_group": "",
                "retention_policy": [
                  {
                    "days": 0,
                    "enabled": true
                  }
                ]
              },
              {
                "category": "kube-apiserver",
                "category_group": "",
                "retention_policy": [
                  {
                    "days": 0,
                    "enabled": true
                  }
                ]
              },
              {
                "category": "kube-audit",
                "category_group": "",
                "retention_policy": [
                  {
                    "days": 0,
                    "enabled": true
                  }
                ]
              },
              {
                "category": "kube-audit-admin",
                "category_group": "",
                "retention_policy": [
                  {
                    "days": 0,
                    "enabled": true
                  }
                ]
              },
              {
                "category": "kube-controller-manager",
                "category_group": "",
                "retention_policy": [
                  {
                    "days": 0,
                    "enabled": true
                  }
                ]
              },
              {
                "category": "kube-scheduler",
                "category_group": "",
                "retention_policy": [
                  {
                    "days": 0,
                    "enabled": true
                  }
                ]
              }
            ],
            "eventhub_authorization_rule_id": "",
            "eventhub_name": "",
            "id": "/subscriptions/82f6d75e-85f4-434a-ab74-5dddd9fa8910/resourceGroups/rg-spoke-aks/providers/Microsoft.ContainerService/managedClusters/aks-cluster|diagnostic-settings",
            "log": [
              {
                "category": "cloud-controller-manager",
                "category_group": "",
                "enabled": true,
                "retention_policy": [
                  {
                    "days": 0,
                    "enabled": true
                  }
                ]
              },
              {
                "category": "cluster-autoscaler",
                "category_group": "",
                "enabled": true,
                "retention_policy": [
                  {
                    "days": 0,
                    "enabled": true
                  }
                ]
              },
              {
                "category": "csi-azuredisk-controller",
                "category_group": "",
                "enabled": true,
                "retention_policy": [
                  {
                    "days": 0,
                    "enabled": true
                  }
                ]
              },
              {
                "category": "csi-azurefile-controller",
                "category_group": "",
                "enabled": true,
                "retention_policy": [
                  {
                    "days": 0,
                    "enabled": true
                  }
                ]
              },
              {
                "category": "csi-snapshot-controller",
                "category_group": "",
                "enabled": true,
                "retention_policy": [
                  {
                    "days": 0,
                    "enabled": true
                  }
                ]
              },
              {
                "category": "guard",
                "category_group": "",
                "enabled": true,
                "retention_policy": [
                  {
                    "days": 0,
                    "enabled": true
                  }
                ]
              },
              {
                "category": "kube-apiserver",
                "category_group": "",
                "enabled": true,
                "retention_policy": [
                  {
                    "days": 0,
                    "enabled": true
                  }
                ]
              },
              {
                "category": "kube-audit",
                "category_group": "",
                "enabled": true,
                "retention_policy": [
                  {
                    "days": 0,
                    "enabled": true
                  }
                ]
              },
              {
                "category": "kube-audit-admin",
                "category_group": "",
                "enabled": true,
                "retention_policy": [
                  {
                    "days": 0,
                    "enabled": true
                  }
                ]
              },
              {
                "category": "kube-controller-manager",
                "category_group": "",
                "enabled": true,
                "retention_policy": [
                  {
                    "days": 0,
                    "enabled": true
                  }
                ]
              },
              {
                "category": "kube-scheduler",
                "category_group": "",
                "enabled": true,
                "retention_policy": [
                  {
                    "days": 0,
                    "enabled": true
                  }
                ]
              }
            ],
            "log_analytics_destination_type": "",
            "log_analytics_workspace_id": "/subscriptions/82f6d75e-85f4-434a-ab74-5dddd9fa8910/resourceGroups/rg-spoke-app/providers/Microsoft.OperationalInsights/workspaces/loganalyticsforaks011",
            "metric": [
              {
                "category": "AllMetrics",
                "enabled": true,
                "retention_policy": [
                  {
                    "days": 0,
                    "enabled": true
                  }
                ]
              }
            ],
            "name": "diagnostic-settings",
            "partner_solution_id": null,
            "storage_account_id": null,
            "target_resource_id": "/subscriptions/82f6d75e-85f4-434a-ab74-5dddd9fa8910/resourceGroups/rg-spoke-aks/providers/Microsoft.ContainerService/managedClusters/aks-cluster",
            "timeouts": null
          },
          "sensitive_attributes": [],
          "private": "eyJlMmJmYjczMC1lY2FhLTExZTYtOGY4OC0zNDM2M2JjN2M0YzAiOnsiY3JlYXRlIjoxODAwMDAwMDAwMDAwLCJkZWxldGUiOjM2MDAwMDAwMDAwMDAsInJlYWQiOjMwMDAwMDAwMDAwMCwidXBkYXRlIjoxODAwMDAwMDAwMDAwfX0=",
          "dependencies": [
            "azurerm_kubernetes_cluster.aks",
            "azurerm_log_analytics_workspace.workspace"
          ]
        }
      ]
    },
    {
      "mode": "managed",
      "type": "azurerm_monitor_diagnostic_setting",
      "name": "diagnostic_settings_bastion",
      "provider": "provider[\"registry.terraform.io/hashicorp/azurerm\"]",
      "instances": [
        {
          "index_key": 0,
          "schema_version": 0,
          "attributes": {
            "enabled_log": [
              {
                "category": "BastionAuditLogs",
                "category_group": "",
                "retention_policy": [
                  {
                    "days": 0,
                    "enabled": true
                  }
                ]
              }
            ],
            "eventhub_authorization_rule_id": "",
            "eventhub_name": "",
            "id": "/subscriptions/82f6d75e-85f4-434a-ab74-5dddd9fa8910/resourceGroups/rg-hub/providers/Microsoft.Network/bastionHosts/bastion-host|diagnostic-settings",
            "log": [
              {
                "category": "BastionAuditLogs",
                "category_group": "",
                "enabled": true,
                "retention_policy": [
                  {
                    "days": 0,
                    "enabled": true
                  }
                ]
              }
            ],
            "log_analytics_destination_type": "",
            "log_analytics_workspace_id": "/subscriptions/82f6d75e-85f4-434a-ab74-5dddd9fa8910/resourceGroups/rg-spoke-app/providers/Microsoft.OperationalInsights/workspaces/loganalyticsforaks011",
            "metric": [
              {
                "category": "AllMetrics",
                "enabled": true,
                "retention_policy": [
                  {
                    "days": 0,
                    "enabled": true
                  }
                ]
              }
            ],
            "name": "diagnostic-settings",
            "partner_solution_id": null,
            "storage_account_id": null,
            "target_resource_id": "/subscriptions/82f6d75e-85f4-434a-ab74-5dddd9fa8910/resourceGroups/rg-hub/providers/Microsoft.Network/bastionHosts/bastion-host",
            "timeouts": null
          },
          "sensitive_attributes": [],
          "private": "eyJlMmJmYjczMC1lY2FhLTExZTYtOGY4OC0zNDM2M2JjN2M0YzAiOnsiY3JlYXRlIjoxODAwMDAwMDAwMDAwLCJkZWxldGUiOjM2MDAwMDAwMDAwMDAsInJlYWQiOjMwMDAwMDAwMDAwMCwidXBkYXRlIjoxODAwMDAwMDAwMDAwfX0=",
          "dependencies": [
            "azurerm_bastion_host.bastion_host",
            "azurerm_log_analytics_workspace.workspace"
          ]
        }
      ]
    },
    {
      "mode": "managed",
      "type": "azurerm_monitor_diagnostic_setting",
      "name": "diagnostic_settings_firewall",
      "provider": "provider[\"registry.terraform.io/hashicorp/azurerm\"].subscription_hub",
      "instances": [
        {
          "index_key": 0,
          "schema_version": 0,
          "attributes": {
            "enabled_log": [
              {
                "category": "",
                "category_group": "allLogs",
                "retention_policy": [
                  {
                    "days": 0,
                    "enabled": true
                  }
                ]
              }
            ],
            "eventhub_authorization_rule_id": "",
            "eventhub_name": "",
            "id": "/subscriptions/82f6d75e-85f4-434a-ab74-5dddd9fa8910/resourceGroups/rg-hub/providers/Microsoft.Network/azureFirewalls/firewall-hub|diagnostic-settings",
            "log": [
              {
                "category": "",
                "category_group": "allLogs",
                "enabled": true,
                "retention_policy": [
                  {
                    "days": 0,
                    "enabled": true
                  }
                ]
              }
            ],
            "log_analytics_destination_type": "AzureDiagnostics",
            "log_analytics_workspace_id": "/subscriptions/82f6d75e-85f4-434a-ab74-5dddd9fa8910/resourceGroups/rg-spoke-app/providers/Microsoft.OperationalInsights/workspaces/loganalyticsforaks011",
            "metric": [
              {
                "category": "AllMetrics",
                "enabled": true,
                "retention_policy": [
                  {
                    "days": 0,
                    "enabled": true
                  }
                ]
              }
            ],
            "name": "diagnostic-settings",
            "partner_solution_id": null,
            "storage_account_id": null,
            "target_resource_id": "/subscriptions/82f6d75e-85f4-434a-ab74-5dddd9fa8910/resourceGroups/rg-hub/providers/Microsoft.Network/azureFirewalls/firewall-hub",
            "timeouts": null
          },
          "sensitive_attributes": [],
          "private": "eyJlMmJmYjczMC1lY2FhLTExZTYtOGY4OC0zNDM2M2JjN2M0YzAiOnsiY3JlYXRlIjoxODAwMDAwMDAwMDAwLCJkZWxldGUiOjM2MDAwMDAwMDAwMDAsInJlYWQiOjMwMDAwMDAwMDAwMCwidXBkYXRlIjoxODAwMDAwMDAwMDAwfX0=",
          "dependencies": [
            "azurerm_firewall.firewall",
            "azurerm_firewall_policy.firewall_policy",
            "azurerm_log_analytics_workspace.workspace",
            "azurerm_public_ip.public_ip_firewall",
            "azurerm_resource_group.rg_hub",
            "azurerm_resource_group.rg_spoke_app",
            "azurerm_subnet.subnet_firewall",
            "azurerm_virtual_network.vnet_hub"
          ]
        }
      ]
    },
    {
      "mode": "managed",
      "type": "azurerm_monitor_diagnostic_setting",
      "name": "diagnostic_settings_keyvault",
      "provider": "provider[\"registry.terraform.io/hashicorp/azurerm\"]",
      "instances": [
        {
          "index_key": 0,
          "schema_version": 0,
          "attributes": {
            "enabled_log": [
              {
                "category": "AuditEvent",
                "category_group": "",
                "retention_policy": [
                  {
                    "days": 0,
                    "enabled": true
                  }
                ]
              },
              {
                "category": "AzurePolicyEvaluationDetails",
                "category_group": "",
                "retention_policy": [
                  {
                    "days": 0,
                    "enabled": true
                  }
                ]
              }
            ],
            "eventhub_authorization_rule_id": "",
            "eventhub_name": "",
            "id": "/subscriptions/82f6d75e-85f4-434a-ab74-5dddd9fa8910/resourceGroups/rg-spoke-app/providers/Microsoft.KeyVault/vaults/kvforaks0113|diagnostic-settings",
            "log": [
              {
                "category": "AuditEvent",
                "category_group": "",
                "enabled": true,
                "retention_policy": [
                  {
                    "days": 0,
                    "enabled": true
                  }
                ]
              },
              {
                "category": "AzurePolicyEvaluationDetails",
                "category_group": "",
                "enabled": true,
                "retention_policy": [
                  {
                    "days": 0,
                    "enabled": true
                  }
                ]
              }
            ],
            "log_analytics_destination_type": "AzureDiagnostics",
            "log_analytics_workspace_id": "/subscriptions/82f6d75e-85f4-434a-ab74-5dddd9fa8910/resourceGroups/rg-spoke-app/providers/Microsoft.OperationalInsights/workspaces/loganalyticsforaks011",
            "metric": [
              {
                "category": "AllMetrics",
                "enabled": true,
                "retention_policy": [
                  {
                    "days": 0,
                    "enabled": true
                  }
                ]
              }
            ],
            "name": "diagnostic-settings",
            "partner_solution_id": null,
            "storage_account_id": null,
            "target_resource_id": "/subscriptions/82f6d75e-85f4-434a-ab74-5dddd9fa8910/resourceGroups/rg-spoke-app/providers/Microsoft.KeyVault/vaults/kvforaks0113",
            "timeouts": null
          },
          "sensitive_attributes": [],
          "private": "eyJlMmJmYjczMC1lY2FhLTExZTYtOGY4OC0zNDM2M2JjN2M0YzAiOnsiY3JlYXRlIjoxODAwMDAwMDAwMDAwLCJkZWxldGUiOjM2MDAwMDAwMDAwMDAsInJlYWQiOjMwMDAwMDAwMDAwMCwidXBkYXRlIjoxODAwMDAwMDAwMDAwfX0=",
          "dependencies": [
            "azurerm_key_vault.kv",
            "azurerm_log_analytics_workspace.workspace",
            "azurerm_resource_group.rg_spoke_app",
            "data.azurerm_client_config.current",
            "data.http.machine_ip"
          ]
        }
      ]
    },
    {
      "mode": "managed",
      "type": "azurerm_monitor_diagnostic_setting",
      "name": "diagnostic_settings_vnet_app",
      "provider": "provider[\"registry.terraform.io/hashicorp/azurerm\"]",
      "instances": [
        {
          "index_key": 0,
          "schema_version": 0,
          "attributes": {
            "enabled_log": [
              {
                "category": "VMProtectionAlerts",
                "category_group": "",
                "retention_policy": [
                  {
                    "days": 0,
                    "enabled": true
                  }
                ]
              }
            ],
            "eventhub_authorization_rule_id": "",
            "eventhub_name": "",
            "id": "/subscriptions/82f6d75e-85f4-434a-ab74-5dddd9fa8910/resourceGroups/rg-spoke-app/providers/Microsoft.Network/virtualNetworks/vnet-spoke-app|diagnostic-settings",
            "log": [
              {
                "category": "VMProtectionAlerts",
                "category_group": "",
                "enabled": true,
                "retention_policy": [
                  {
                    "days": 0,
                    "enabled": true
                  }
                ]
              }
            ],
            "log_analytics_destination_type": "",
            "log_analytics_workspace_id": "/subscriptions/82f6d75e-85f4-434a-ab74-5dddd9fa8910/resourceGroups/rg-spoke-app/providers/Microsoft.OperationalInsights/workspaces/loganalyticsforaks011",
            "metric": [
              {
                "category": "AllMetrics",
                "enabled": true,
                "retention_policy": [
                  {
                    "days": 0,
                    "enabled": true
                  }
                ]
              }
            ],
            "name": "diagnostic-settings",
            "partner_solution_id": null,
            "storage_account_id": null,
            "target_resource_id": "/subscriptions/82f6d75e-85f4-434a-ab74-5dddd9fa8910/resourceGroups/rg-spoke-app/providers/Microsoft.Network/virtualNetworks/vnet-spoke-app",
            "timeouts": null
          },
          "sensitive_attributes": [],
          "private": "eyJlMmJmYjczMC1lY2FhLTExZTYtOGY4OC0zNDM2M2JjN2M0YzAiOnsiY3JlYXRlIjoxODAwMDAwMDAwMDAwLCJkZWxldGUiOjM2MDAwMDAwMDAwMDAsInJlYWQiOjMwMDAwMDAwMDAwMCwidXBkYXRlIjoxODAwMDAwMDAwMDAwfX0=",
          "dependencies": [
            "azurerm_log_analytics_workspace.workspace",
            "azurerm_virtual_network.vnet_spoke_app"
          ]
        }
      ]
    },
    {
      "mode": "managed",
      "type": "azurerm_monitor_diagnostic_setting",
      "name": "diagnostic_settings_vnet_mgt",
      "provider": "provider[\"registry.terraform.io/hashicorp/azurerm\"]",
      "instances": [
        {
          "index_key": 0,
          "schema_version": 0,
          "attributes": {
            "enabled_log": [
              {
                "category": "VMProtectionAlerts",
                "category_group": "",
                "retention_policy": [
                  {
                    "days": 0,
                    "enabled": true
                  }
                ]
              }
            ],
            "eventhub_authorization_rule_id": "",
            "eventhub_name": "",
            "id": "/subscriptions/82f6d75e-85f4-434a-ab74-5dddd9fa8910/resourceGroups/rg-spoke-mgt/providers/Microsoft.Network/virtualNetworks/vnet-spoke-mgt|diagnostic-settings",
            "log": [
              {
                "category": "VMProtectionAlerts",
                "category_group": "",
                "enabled": true,
                "retention_policy": [
                  {
                    "days": 0,
                    "enabled": true
                  }
                ]
              }
            ],
            "log_analytics_destination_type": "",
            "log_analytics_workspace_id": "/subscriptions/82f6d75e-85f4-434a-ab74-5dddd9fa8910/resourceGroups/rg-spoke-app/providers/Microsoft.OperationalInsights/workspaces/loganalyticsforaks011",
            "metric": [
              {
                "category": "AllMetrics",
                "enabled": true,
                "retention_policy": [
                  {
                    "days": 0,
                    "enabled": true
                  }
                ]
              }
            ],
            "name": "diagnostic-settings",
            "partner_solution_id": null,
            "storage_account_id": null,
            "target_resource_id": "/subscriptions/82f6d75e-85f4-434a-ab74-5dddd9fa8910/resourceGroups/rg-spoke-mgt/providers/Microsoft.Network/virtualNetworks/vnet-spoke-mgt",
            "timeouts": {
              "create": null,
              "delete": null,
              "read": null,
              "update": null
            }
          },
          "sensitive_attributes": [],
          "private": "eyJlMmJmYjczMC1lY2FhLTExZTYtOGY4OC0zNDM2M2JjN2M0YzAiOnsiY3JlYXRlIjoxODAwMDAwMDAwMDAwLCJkZWxldGUiOjM2MDAwMDAwMDAwMDAsInJlYWQiOjMwMDAwMDAwMDAwMCwidXBkYXRlIjoxODAwMDAwMDAwMDAwfX0=",
          "dependencies": [
            "azurerm_log_analytics_workspace.workspace",
            "azurerm_virtual_network.vnet_spoke_mgt"
          ]
        }
      ]
    },
    {
      "mode": "managed",
      "type": "azurerm_network_interface",
      "name": "nic_vm_jumpbox_linux",
      "provider": "provider[\"registry.terraform.io/hashicorp/azurerm\"]",
      "instances": [
        {
          "index_key": 0,
          "schema_version": 0,
          "attributes": {
            "applied_dns_servers": [],
            "dns_servers": [],
            "edge_zone": "",
            "enable_accelerated_networking": false,
            "enable_ip_forwarding": false,
            "id": "/subscriptions/82f6d75e-85f4-434a-ab74-5dddd9fa8910/resourceGroups/rg-spoke-mgt/providers/Microsoft.Network/networkInterfaces/nic-vm-jumpbox-linux",
            "internal_dns_name_label": "",
            "internal_domain_name_suffix": "wyu0hv2eu03u5kmqpal4tnge3g.ax.internal.cloudapp.net",
            "ip_configuration": [
              {
                "gateway_load_balancer_frontend_ip_configuration_id": "",
                "name": "internal",
                "primary": true,
                "private_ip_address": "10.2.0.5",
                "private_ip_address_allocation": "Dynamic",
                "private_ip_address_version": "IPv4",
                "public_ip_address_id": "",
                "subnet_id": "/subscriptions/82f6d75e-85f4-434a-ab74-5dddd9fa8910/resourceGroups/rg-spoke-mgt/providers/Microsoft.Network/virtualNetworks/vnet-spoke-mgt/subnets/subnet-mgt"
              }
            ],
            "location": "westeurope",
            "mac_address": "00-0D-3A-AE-D1-6F",
            "name": "nic-vm-jumpbox-linux",
            "private_ip_address": "10.2.0.5",
            "private_ip_addresses": [
              "10.2.0.5"
            ],
            "resource_group_name": "rg-spoke-mgt",
            "tags": {},
            "timeouts": null,
            "virtual_machine_id": "/subscriptions/82f6d75e-85f4-434a-ab74-5dddd9fa8910/resourceGroups/RG-SPOKE-MGT/providers/Microsoft.Compute/virtualMachines/vm-jumpbox-linux"
          },
          "sensitive_attributes": [],
          "private": "eyJlMmJmYjczMC1lY2FhLTExZTYtOGY4OC0zNDM2M2JjN2M0YzAiOnsiY3JlYXRlIjoxODAwMDAwMDAwMDAwLCJkZWxldGUiOjE4MDAwMDAwMDAwMDAsInJlYWQiOjMwMDAwMDAwMDAwMCwidXBkYXRlIjoxODAwMDAwMDAwMDAwfX0=",
          "dependencies": [
            "azurerm_firewall.firewall",
            "azurerm_firewall_policy.firewall_policy",
            "azurerm_log_analytics_workspace.workspace",
            "azurerm_public_ip.public_ip_firewall",
            "azurerm_resource_group.rg_hub",
            "azurerm_resource_group.rg_spoke_app",
            "azurerm_resource_group.rg_spoke_mgt",
            "azurerm_subnet.subnet_firewall",
            "azurerm_subnet.subnet_mgt",
            "azurerm_virtual_network.vnet_hub",
            "azurerm_virtual_network.vnet_spoke_mgt"
          ]
        }
      ]
    },
    {
      "mode": "managed",
      "type": "azurerm_network_interface",
      "name": "nic_vm_jumpbox_windows",
      "provider": "provider[\"registry.terraform.io/hashicorp/azurerm\"]",
      "instances": [
        {
          "index_key": 0,
          "schema_version": 0,
          "attributes": {
            "applied_dns_servers": [],
            "dns_servers": [],
            "edge_zone": "",
            "enable_accelerated_networking": false,
            "enable_ip_forwarding": false,
            "id": "/subscriptions/82f6d75e-85f4-434a-ab74-5dddd9fa8910/resourceGroups/rg-spoke-mgt/providers/Microsoft.Network/networkInterfaces/nic-vm-jumpbox-windows",
            "internal_dns_name_label": "",
            "internal_domain_name_suffix": "wyu0hv2eu03u5kmqpal4tnge3g.ax.internal.cloudapp.net",
            "ip_configuration": [
              {
                "gateway_load_balancer_frontend_ip_configuration_id": "",
                "name": "internal",
                "primary": true,
                "private_ip_address": "10.2.0.4",
                "private_ip_address_allocation": "Dynamic",
                "private_ip_address_version": "IPv4",
                "public_ip_address_id": "",
                "subnet_id": "/subscriptions/82f6d75e-85f4-434a-ab74-5dddd9fa8910/resourceGroups/rg-spoke-mgt/providers/Microsoft.Network/virtualNetworks/vnet-spoke-mgt/subnets/subnet-mgt"
              }
            ],
            "location": "westeurope",
            "mac_address": "00-0D-3A-BE-F9-E0",
            "name": "nic-vm-jumpbox-windows",
            "private_ip_address": "10.2.0.4",
            "private_ip_addresses": [
              "10.2.0.4"
            ],
            "resource_group_name": "rg-spoke-mgt",
            "tags": {},
            "timeouts": null,
            "virtual_machine_id": "/subscriptions/82f6d75e-85f4-434a-ab74-5dddd9fa8910/resourceGroups/rg-spoke-mgt/providers/Microsoft.Compute/virtualMachines/vm-jumpbox-win"
          },
          "sensitive_attributes": [],
          "private": "eyJlMmJmYjczMC1lY2FhLTExZTYtOGY4OC0zNDM2M2JjN2M0YzAiOnsiY3JlYXRlIjoxODAwMDAwMDAwMDAwLCJkZWxldGUiOjE4MDAwMDAwMDAwMDAsInJlYWQiOjMwMDAwMDAwMDAwMCwidXBkYXRlIjoxODAwMDAwMDAwMDAwfX0=",
          "dependencies": [
            "azurerm_firewall.firewall",
            "azurerm_firewall_policy.firewall_policy",
            "azurerm_log_analytics_workspace.workspace",
            "azurerm_public_ip.public_ip_firewall",
            "azurerm_resource_group.rg_hub",
            "azurerm_resource_group.rg_spoke_app",
            "azurerm_resource_group.rg_spoke_mgt",
            "azurerm_subnet.subnet_firewall",
            "azurerm_subnet.subnet_mgt",
            "azurerm_virtual_network.vnet_hub",
            "azurerm_virtual_network.vnet_spoke_mgt"
          ]
        }
      ]
    },
    {
      "mode": "managed",
      "type": "azurerm_network_security_group",
      "name": "nsg_subnet_mgt",
      "provider": "provider[\"registry.terraform.io/hashicorp/azurerm\"]",
      "instances": [
        {
          "index_key": 0,
          "schema_version": 0,
          "attributes": {
            "id": "/subscriptions/82f6d75e-85f4-434a-ab74-5dddd9fa8910/resourceGroups/rg-spoke-mgt/providers/Microsoft.Network/networkSecurityGroups/nsg_subnet_mgt",
            "location": "westeurope",
            "name": "nsg_subnet_mgt",
            "resource_group_name": "rg-spoke-mgt",
            "security_rule": [
              {
                "access": "Allow",
                "description": "",
                "destination_address_prefix": "*",
                "destination_address_prefixes": [],
                "destination_application_security_group_ids": [],
                "destination_port_range": "*",
                "destination_port_ranges": [],
                "direction": "Inbound",
                "name": "rule_subnet_mgt",
                "priority": 100,
                "protocol": "Tcp",
                "source_address_prefix": "*",
                "source_address_prefixes": [],
                "source_application_security_group_ids": [],
                "source_port_range": "*",
                "source_port_ranges": []
              }
            ],
            "tags": {
              "architecture": "Hub\u0026Spoke",
              "environment": "development",
              "source": "terraform"
            },
            "timeouts": null
          },
          "sensitive_attributes": [],
          "private": "eyJlMmJmYjczMC1lY2FhLTExZTYtOGY4OC0zNDM2M2JjN2M0YzAiOnsiY3JlYXRlIjoxODAwMDAwMDAwMDAwLCJkZWxldGUiOjE4MDAwMDAwMDAwMDAsInJlYWQiOjMwMDAwMDAwMDAwMCwidXBkYXRlIjoxODAwMDAwMDAwMDAwfX0=",
          "dependencies": [
            "azurerm_resource_group.rg_spoke_mgt"
          ]
        }
      ]
    },
    {
      "mode": "managed",
      "type": "azurerm_network_security_group",
      "name": "nsg_subnet_nodes",
      "provider": "provider[\"registry.terraform.io/hashicorp/azurerm\"]",
      "instances": [
        {
          "index_key": 0,
          "schema_version": 0,
          "attributes": {
            "id": "/subscriptions/82f6d75e-85f4-434a-ab74-5dddd9fa8910/resourceGroups/rg-spoke-aks/providers/Microsoft.Network/networkSecurityGroups/nsg_subnet_nodes",
            "location": "westeurope",
            "name": "nsg_subnet_nodes",
            "resource_group_name": "rg-spoke-aks",
            "security_rule": [],
            "tags": {
              "architecture": "Hub\u0026Spoke",
              "environment": "development",
              "source": "terraform"
            },
            "timeouts": null
          },
          "sensitive_attributes": [],
          "private": "eyJlMmJmYjczMC1lY2FhLTExZTYtOGY4OC0zNDM2M2JjN2M0YzAiOnsiY3JlYXRlIjoxODAwMDAwMDAwMDAwLCJkZWxldGUiOjE4MDAwMDAwMDAwMDAsInJlYWQiOjMwMDAwMDAwMDAwMCwidXBkYXRlIjoxODAwMDAwMDAwMDAwfX0=",
          "dependencies": [
            "azurerm_resource_group.rg_spoke_aks"
          ]
        }
      ]
    },
    {
      "mode": "managed",
      "type": "azurerm_network_security_group",
      "name": "nsg_subnet_pods",
      "provider": "provider[\"registry.terraform.io/hashicorp/azurerm\"]",
      "instances": [
        {
          "index_key": 0,
          "schema_version": 0,
          "attributes": {
            "id": "/subscriptions/82f6d75e-85f4-434a-ab74-5dddd9fa8910/resourceGroups/rg-spoke-aks/providers/Microsoft.Network/networkSecurityGroups/nsg_subnet_pods",
            "location": "westeurope",
            "name": "nsg_subnet_pods",
            "resource_group_name": "rg-spoke-aks",
            "security_rule": [],
            "tags": {
              "architecture": "Hub\u0026Spoke",
              "environment": "development",
              "source": "terraform"
            },
            "timeouts": null
          },
          "sensitive_attributes": [],
          "private": "eyJlMmJmYjczMC1lY2FhLTExZTYtOGY4OC0zNDM2M2JjN2M0YzAiOnsiY3JlYXRlIjoxODAwMDAwMDAwMDAwLCJkZWxldGUiOjE4MDAwMDAwMDAwMDAsInJlYWQiOjMwMDAwMDAwMDAwMCwidXBkYXRlIjoxODAwMDAwMDAwMDAwfX0=",
          "dependencies": [
            "azurerm_resource_group.rg_spoke_aks"
          ]
        }
      ]
    },
    {
      "mode": "managed",
      "type": "azurerm_network_security_group",
      "name": "nsg_subnet_vnet_integration",
      "provider": "provider[\"registry.terraform.io/hashicorp/azurerm\"]",
      "instances": [
        {
          "index_key": 0,
          "schema_version": 0,
          "attributes": {
            "id": "/subscriptions/82f6d75e-85f4-434a-ab74-5dddd9fa8910/resourceGroups/rg-spoke3/providers/Microsoft.Network/networkSecurityGroups/nsg_subnet_vnet_integration",
            "location": "westeurope",
            "name": "nsg_subnet_vnet_integration",
            "resource_group_name": "rg-spoke3",
            "security_rule": [
              {
                "access": "Allow",
                "description": "",
                "destination_address_prefix": "*",
                "destination_address_prefixes": [],
                "destination_application_security_group_ids": [],
                "destination_port_range": "*",
                "destination_port_ranges": [],
                "direction": "Inbound",
                "name": "rule_subnet_vnet_integration",
                "priority": 100,
                "protocol": "Tcp",
                "source_address_prefix": "*",
                "source_address_prefixes": [],
                "source_application_security_group_ids": [],
                "source_port_range": "*",
                "source_port_ranges": []
              }
            ],
            "tags": {
              "architecture": "Hub\u0026Spoke",
              "environment": "development",
              "source": "terraform"
            },
            "timeouts": null
          },
          "sensitive_attributes": [],
          "private": "eyJlMmJmYjczMC1lY2FhLTExZTYtOGY4OC0zNDM2M2JjN2M0YzAiOnsiY3JlYXRlIjoxODAwMDAwMDAwMDAwLCJkZWxldGUiOjE4MDAwMDAwMDAwMDAsInJlYWQiOjMwMDAwMDAwMDAwMCwidXBkYXRlIjoxODAwMDAwMDAwMDAwfX0=",
          "dependencies": [
            "azurerm_resource_group.rg_spoke3"
          ]
        }
      ]
    },
    {
      "mode": "managed",
      "type": "azurerm_network_watcher",
      "name": "network_watcher_regional",
      "provider": "provider[\"registry.terraform.io/hashicorp/azurerm\"]",
      "instances": [
        {
          "index_key": 0,
          "schema_version": 0,
          "attributes": {
            "id": "/subscriptions/82f6d75e-85f4-434a-ab74-5dddd9fa8910/resourceGroups/rg_log_flow/providers/Microsoft.Network/networkWatchers/NetworkWatcher_westeurope",
            "location": "westeurope",
            "name": "NetworkWatcher_westeurope",
            "resource_group_name": "rg_log_flow",
            "tags": {},
            "timeouts": null
          },
          "sensitive_attributes": [],
          "private": "eyJlMmJmYjczMC1lY2FhLTExZTYtOGY4OC0zNDM2M2JjN2M0YzAiOnsiY3JlYXRlIjoxODAwMDAwMDAwMDAwLCJkZWxldGUiOjE4MDAwMDAwMDAwMDAsInJlYWQiOjMwMDAwMDAwMDAwMCwidXBkYXRlIjoxODAwMDAwMDAwMDAwfX0=",
          "dependencies": [
            "azurerm_resource_group.rg_log_flow"
          ]
        }
      ]
    },
    {
      "mode": "managed",
      "type": "azurerm_network_watcher_flow_log",
      "name": "network_flow_logs_nsg_subnet_mgt",
      "provider": "provider[\"registry.terraform.io/hashicorp/azurerm\"]",
      "instances": [
        {
          "index_key": 0,
          "schema_version": 1,
          "attributes": {
            "enabled": true,
            "id": "/subscriptions/82f6d75e-85f4-434a-ab74-5dddd9fa8910/resourceGroups/rg_log_flow/providers/Microsoft.Network/networkWatchers/NetworkWatcher_westeurope/flowLogs/network_flow_logs_nsg_subnet_mgt",
            "location": "westeurope",
            "name": "network_flow_logs_nsg_subnet_mgt",
            "network_security_group_id": "/subscriptions/82f6d75e-85f4-434a-ab74-5dddd9fa8910/resourceGroups/rg-spoke-mgt/providers/Microsoft.Network/networkSecurityGroups/nsg_subnet_mgt",
            "network_watcher_name": "NetworkWatcher_westeurope",
            "resource_group_name": "rg_log_flow",
            "retention_policy": [
              {
                "days": 7,
                "enabled": true
              }
            ],
            "storage_account_id": "/subscriptions/82f6d75e-85f4-434a-ab74-5dddd9fa8910/resourceGroups/rg_log_flow/providers/Microsoft.Storage/storageAccounts/storageforlogs011",
            "tags": {},
            "timeouts": null,
            "traffic_analytics": [
              {
                "enabled": true,
                "interval_in_minutes": 10,
                "workspace_id": "84f74e5b-8aaa-46c1-9709-c8189d186de3",
                "workspace_region": "westeurope",
                "workspace_resource_id": "/subscriptions/82f6d75e-85f4-434a-ab74-5dddd9fa8910/resourceGroups/rg-spoke-app/providers/Microsoft.OperationalInsights/workspaces/loganalyticsforaks011"
              }
            ],
            "version": 2
          },
          "sensitive_attributes": [],
          "private": "eyJlMmJmYjczMC1lY2FhLTExZTYtOGY4OC0zNDM2M2JjN2M0YzAiOnsiY3JlYXRlIjoxODAwMDAwMDAwMDAwLCJkZWxldGUiOjE4MDAwMDAwMDAwMDAsInJlYWQiOjMwMDAwMDAwMDAwMCwidXBkYXRlIjoxODAwMDAwMDAwMDAwfSwic2NoZW1hX3ZlcnNpb24iOiIxIn0=",
          "dependencies": [
            "azurerm_log_analytics_workspace.workspace",
            "azurerm_network_security_group.nsg_subnet_mgt",
            "azurerm_network_watcher.network_watcher_regional",
            "azurerm_resource_group.rg_log_flow",
            "azurerm_resource_group.rg_spoke_app",
            "azurerm_resource_group.rg_spoke_mgt",
            "azurerm_storage_account.network_log_data"
          ]
        }
      ]
    },
    {
      "mode": "managed",
      "type": "azurerm_network_watcher_flow_log",
      "name": "network_flow_logs_nsg_subnet_nodes",
      "provider": "provider[\"registry.terraform.io/hashicorp/azurerm\"]",
      "instances": [
        {
          "index_key": 0,
          "schema_version": 1,
          "attributes": {
            "enabled": true,
            "id": "/subscriptions/82f6d75e-85f4-434a-ab74-5dddd9fa8910/resourceGroups/rg_log_flow/providers/Microsoft.Network/networkWatchers/NetworkWatcher_westeurope/flowLogs/network_flow_logs_nsg_subnet_nodes",
            "location": "westeurope",
            "name": "network_flow_logs_nsg_subnet_nodes",
            "network_security_group_id": "/subscriptions/82f6d75e-85f4-434a-ab74-5dddd9fa8910/resourceGroups/rg-spoke-aks/providers/Microsoft.Network/networkSecurityGroups/nsg_subnet_nodes",
            "network_watcher_name": "NetworkWatcher_westeurope",
            "resource_group_name": "rg_log_flow",
            "retention_policy": [
              {
                "days": 7,
                "enabled": true
              }
            ],
            "storage_account_id": "/subscriptions/82f6d75e-85f4-434a-ab74-5dddd9fa8910/resourceGroups/rg_log_flow/providers/Microsoft.Storage/storageAccounts/storageforlogs011",
            "tags": {},
            "timeouts": null,
            "traffic_analytics": [
              {
                "enabled": true,
                "interval_in_minutes": 10,
                "workspace_id": "84f74e5b-8aaa-46c1-9709-c8189d186de3",
                "workspace_region": "westeurope",
                "workspace_resource_id": "/subscriptions/82f6d75e-85f4-434a-ab74-5dddd9fa8910/resourceGroups/rg-spoke-app/providers/Microsoft.OperationalInsights/workspaces/loganalyticsforaks011"
              }
            ],
            "version": 2
          },
          "sensitive_attributes": [],
          "private": "eyJlMmJmYjczMC1lY2FhLTExZTYtOGY4OC0zNDM2M2JjN2M0YzAiOnsiY3JlYXRlIjoxODAwMDAwMDAwMDAwLCJkZWxldGUiOjE4MDAwMDAwMDAwMDAsInJlYWQiOjMwMDAwMDAwMDAwMCwidXBkYXRlIjoxODAwMDAwMDAwMDAwfSwic2NoZW1hX3ZlcnNpb24iOiIxIn0=",
          "dependencies": [
            "azurerm_log_analytics_workspace.workspace",
            "azurerm_network_security_group.nsg_subnet_nodes",
            "azurerm_network_watcher.network_watcher_regional",
            "azurerm_resource_group.rg_log_flow",
            "azurerm_resource_group.rg_spoke_aks",
            "azurerm_resource_group.rg_spoke_app",
            "azurerm_storage_account.network_log_data"
          ]
        }
      ]
    },
    {
      "mode": "managed",
      "type": "azurerm_network_watcher_flow_log",
      "name": "network_flow_logs_nsg_subnet_pods",
      "provider": "provider[\"registry.terraform.io/hashicorp/azurerm\"]",
      "instances": [
        {
          "index_key": 0,
          "schema_version": 1,
          "attributes": {
            "enabled": true,
            "id": "/subscriptions/82f6d75e-85f4-434a-ab74-5dddd9fa8910/resourceGroups/rg_log_flow/providers/Microsoft.Network/networkWatchers/NetworkWatcher_westeurope/flowLogs/network_flow_logs_nsg_subnet_pods",
            "location": "westeurope",
            "name": "network_flow_logs_nsg_subnet_pods",
            "network_security_group_id": "/subscriptions/82f6d75e-85f4-434a-ab74-5dddd9fa8910/resourceGroups/rg-spoke-aks/providers/Microsoft.Network/networkSecurityGroups/nsg_subnet_pods",
            "network_watcher_name": "NetworkWatcher_westeurope",
            "resource_group_name": "rg_log_flow",
            "retention_policy": [
              {
                "days": 7,
                "enabled": true
              }
            ],
            "storage_account_id": "/subscriptions/82f6d75e-85f4-434a-ab74-5dddd9fa8910/resourceGroups/rg_log_flow/providers/Microsoft.Storage/storageAccounts/storageforlogs011",
            "tags": {},
            "timeouts": null,
            "traffic_analytics": [
              {
                "enabled": true,
                "interval_in_minutes": 10,
                "workspace_id": "84f74e5b-8aaa-46c1-9709-c8189d186de3",
                "workspace_region": "westeurope",
                "workspace_resource_id": "/subscriptions/82f6d75e-85f4-434a-ab74-5dddd9fa8910/resourceGroups/rg-spoke-app/providers/Microsoft.OperationalInsights/workspaces/loganalyticsforaks011"
              }
            ],
            "version": 2
          },
          "sensitive_attributes": [],
          "private": "eyJlMmJmYjczMC1lY2FhLTExZTYtOGY4OC0zNDM2M2JjN2M0YzAiOnsiY3JlYXRlIjoxODAwMDAwMDAwMDAwLCJkZWxldGUiOjE4MDAwMDAwMDAwMDAsInJlYWQiOjMwMDAwMDAwMDAwMCwidXBkYXRlIjoxODAwMDAwMDAwMDAwfSwic2NoZW1hX3ZlcnNpb24iOiIxIn0=",
          "dependencies": [
            "azurerm_log_analytics_workspace.workspace",
            "azurerm_network_security_group.nsg_subnet_pods",
            "azurerm_network_watcher.network_watcher_regional",
            "azurerm_resource_group.rg_log_flow",
            "azurerm_resource_group.rg_spoke_aks",
            "azurerm_resource_group.rg_spoke_app",
            "azurerm_storage_account.network_log_data"
          ]
        }
      ]
    },
    {
      "mode": "managed",
      "type": "azurerm_network_watcher_flow_log",
      "name": "network_flow_logs_nsg_subnet_vnet_integration",
      "provider": "provider[\"registry.terraform.io/hashicorp/azurerm\"]",
      "instances": [
        {
          "index_key": 0,
          "schema_version": 1,
          "attributes": {
            "enabled": true,
            "id": "/subscriptions/82f6d75e-85f4-434a-ab74-5dddd9fa8910/resourceGroups/rg_log_flow/providers/Microsoft.Network/networkWatchers/NetworkWatcher_westeurope/flowLogs/network_flow_logs_nsg_subnet_vnet_integration",
            "location": "westeurope",
            "name": "network_flow_logs_nsg_subnet_vnet_integration",
            "network_security_group_id": "/subscriptions/82f6d75e-85f4-434a-ab74-5dddd9fa8910/resourceGroups/rg-spoke3/providers/Microsoft.Network/networkSecurityGroups/nsg_subnet_vnet_integration",
            "network_watcher_name": "NetworkWatcher_westeurope",
            "resource_group_name": "rg_log_flow",
            "retention_policy": [
              {
                "days": 7,
                "enabled": true
              }
            ],
            "storage_account_id": "/subscriptions/82f6d75e-85f4-434a-ab74-5dddd9fa8910/resourceGroups/rg_log_flow/providers/Microsoft.Storage/storageAccounts/storageforlogs011",
            "tags": {},
            "timeouts": null,
            "traffic_analytics": [
              {
                "enabled": true,
                "interval_in_minutes": 10,
                "workspace_id": "84f74e5b-8aaa-46c1-9709-c8189d186de3",
                "workspace_region": "westeurope",
                "workspace_resource_id": "/subscriptions/82f6d75e-85f4-434a-ab74-5dddd9fa8910/resourceGroups/rg-spoke-app/providers/Microsoft.OperationalInsights/workspaces/loganalyticsforaks011"
              }
            ],
            "version": 2
          },
          "sensitive_attributes": [],
          "private": "eyJlMmJmYjczMC1lY2FhLTExZTYtOGY4OC0zNDM2M2JjN2M0YzAiOnsiY3JlYXRlIjoxODAwMDAwMDAwMDAwLCJkZWxldGUiOjE4MDAwMDAwMDAwMDAsInJlYWQiOjMwMDAwMDAwMDAwMCwidXBkYXRlIjoxODAwMDAwMDAwMDAwfSwic2NoZW1hX3ZlcnNpb24iOiIxIn0=",
          "dependencies": [
            "azurerm_log_analytics_workspace.workspace",
            "azurerm_network_security_group.nsg_subnet_vnet_integration",
            "azurerm_network_watcher.network_watcher_regional",
            "azurerm_resource_group.rg_log_flow",
            "azurerm_resource_group.rg_spoke3",
            "azurerm_resource_group.rg_spoke_app",
            "azurerm_storage_account.network_log_data"
          ]
        }
      ]
    },
    {
      "mode": "managed",
      "type": "azurerm_private_dns_zone",
      "name": "dnsprivatezone",
      "provider": "provider[\"registry.terraform.io/hashicorp/azurerm\"]",
      "instances": [
        {
          "index_key": 0,
          "schema_version": 0,
          "attributes": {
            "id": "/subscriptions/82f6d75e-85f4-434a-ab74-5dddd9fa8910/resourceGroups/rg-spoke3/providers/Microsoft.Network/privateDnsZones/privatelink.azurewebsites.net",
            "max_number_of_record_sets": 25000,
            "max_number_of_virtual_network_links": 1000,
            "max_number_of_virtual_network_links_with_registration": 100,
            "name": "privatelink.azurewebsites.net",
            "number_of_record_sets": 3,
            "resource_group_name": "rg-spoke3",
            "soa_record": [
              {
                "email": "azureprivatedns-host.microsoft.com",
                "expire_time": 2419200,
                "fqdn": "privatelink.azurewebsites.net.",
                "host_name": "azureprivatedns.net",
                "minimum_ttl": 10,
                "refresh_time": 3600,
                "retry_time": 300,
                "serial_number": 1,
                "tags": {},
                "ttl": 3600
              }
            ],
            "tags": {},
            "timeouts": null
          },
          "sensitive_attributes": [],
          "private": "eyJlMmJmYjczMC1lY2FhLTExZTYtOGY4OC0zNDM2M2JjN2M0YzAiOnsiY3JlYXRlIjoxODAwMDAwMDAwMDAwLCJkZWxldGUiOjE4MDAwMDAwMDAwMDAsInJlYWQiOjMwMDAwMDAwMDAwMCwidXBkYXRlIjoxODAwMDAwMDAwMDAwfX0=",
          "dependencies": [
            "azurerm_resource_group.rg_spoke3"
          ]
        }
      ]
    },
    {
      "mode": "managed",
      "type": "azurerm_private_dns_zone",
      "name": "private_dns_zone_acr",
      "provider": "provider[\"registry.terraform.io/hashicorp/azurerm\"]",
      "instances": [
        {
          "index_key": 0,
          "schema_version": 0,
          "attributes": {
            "id": "/subscriptions/82f6d75e-85f4-434a-ab74-5dddd9fa8910/resourceGroups/rg-spoke-app/providers/Microsoft.Network/privateDnsZones/privatelink.azurecr.io",
            "max_number_of_record_sets": 25000,
            "max_number_of_virtual_network_links": 1000,
            "max_number_of_virtual_network_links_with_registration": 100,
            "name": "privatelink.azurecr.io",
            "number_of_record_sets": 3,
            "resource_group_name": "rg-spoke-app",
            "soa_record": [
              {
                "email": "azureprivatedns-host.microsoft.com",
                "expire_time": 2419200,
                "fqdn": "privatelink.azurecr.io.",
                "host_name": "azureprivatedns.net",
                "minimum_ttl": 10,
                "refresh_time": 3600,
                "retry_time": 300,
                "serial_number": 1,
                "tags": {},
                "ttl": 3600
              }
            ],
            "tags": {
              "architecture": "Hub\u0026Spoke",
              "environment": "development",
              "source": "terraform"
            },
            "timeouts": null
          },
          "sensitive_attributes": [],
          "private": "eyJlMmJmYjczMC1lY2FhLTExZTYtOGY4OC0zNDM2M2JjN2M0YzAiOnsiY3JlYXRlIjoxODAwMDAwMDAwMDAwLCJkZWxldGUiOjE4MDAwMDAwMDAwMDAsInJlYWQiOjMwMDAwMDAwMDAwMCwidXBkYXRlIjoxODAwMDAwMDAwMDAwfX0=",
          "dependencies": [
            "azurerm_resource_group.rg_spoke_app"
          ]
        }
      ]
    },
    {
      "mode": "managed",
      "type": "azurerm_private_dns_zone",
      "name": "private_dns_zone_keyvault",
      "provider": "provider[\"registry.terraform.io/hashicorp/azurerm\"]",
      "instances": [
        {
          "index_key": 0,
          "schema_version": 0,
          "attributes": {
            "id": "/subscriptions/82f6d75e-85f4-434a-ab74-5dddd9fa8910/resourceGroups/rg-spoke-app/providers/Microsoft.Network/privateDnsZones/privatelink.vaultcore.azure.net",
            "max_number_of_record_sets": 25000,
            "max_number_of_virtual_network_links": 1000,
            "max_number_of_virtual_network_links_with_registration": 100,
            "name": "privatelink.vaultcore.azure.net",
            "number_of_record_sets": 2,
            "resource_group_name": "rg-spoke-app",
            "soa_record": [
              {
                "email": "azureprivatedns-host.microsoft.com",
                "expire_time": 2419200,
                "fqdn": "privatelink.vaultcore.azure.net.",
                "host_name": "azureprivatedns.net",
                "minimum_ttl": 10,
                "refresh_time": 3600,
                "retry_time": 300,
                "serial_number": 1,
                "tags": {},
                "ttl": 3600
              }
            ],
            "tags": {
              "architecture": "Hub\u0026Spoke",
              "environment": "development",
              "source": "terraform"
            },
            "timeouts": null
          },
          "sensitive_attributes": [],
          "private": "eyJlMmJmYjczMC1lY2FhLTExZTYtOGY4OC0zNDM2M2JjN2M0YzAiOnsiY3JlYXRlIjoxODAwMDAwMDAwMDAwLCJkZWxldGUiOjE4MDAwMDAwMDAwMDAsInJlYWQiOjMwMDAwMDAwMDAwMCwidXBkYXRlIjoxODAwMDAwMDAwMDAwfX0=",
          "dependencies": [
            "azurerm_resource_group.rg_spoke_app"
          ]
        }
      ]
    },
    {
      "mode": "managed",
      "type": "azurerm_private_dns_zone",
      "name": "private_dns_zone_storage",
      "provider": "provider[\"registry.terraform.io/hashicorp/azurerm\"]",
      "instances": [
        {
          "index_key": 0,
          "schema_version": 0,
          "attributes": {
            "id": "/subscriptions/82f6d75e-85f4-434a-ab74-5dddd9fa8910/resourceGroups/rg-spoke-app/providers/Microsoft.Network/privateDnsZones/privatelink.blob.core.windows.net",
            "max_number_of_record_sets": 25000,
            "max_number_of_virtual_network_links": 1000,
            "max_number_of_virtual_network_links_with_registration": 100,
            "name": "privatelink.blob.core.windows.net",
            "number_of_record_sets": 2,
            "resource_group_name": "rg-spoke-app",
            "soa_record": [
              {
                "email": "azureprivatedns-host.microsoft.com",
                "expire_time": 2419200,
                "fqdn": "privatelink.blob.core.windows.net.",
                "host_name": "azureprivatedns.net",
                "minimum_ttl": 10,
                "refresh_time": 3600,
                "retry_time": 300,
                "serial_number": 1,
                "tags": {},
                "ttl": 3600
              }
            ],
            "tags": {},
            "timeouts": null
          },
          "sensitive_attributes": [],
          "private": "eyJlMmJmYjczMC1lY2FhLTExZTYtOGY4OC0zNDM2M2JjN2M0YzAiOnsiY3JlYXRlIjoxODAwMDAwMDAwMDAwLCJkZWxldGUiOjE4MDAwMDAwMDAwMDAsInJlYWQiOjMwMDAwMDAwMDAwMCwidXBkYXRlIjoxODAwMDAwMDAwMDAwfX0=",
          "dependencies": [
            "azurerm_resource_group.rg_spoke_app"
          ]
        }
      ]
    },
    {
      "mode": "managed",
      "type": "azurerm_private_dns_zone_virtual_network_link",
      "name": "dnszonelink",
      "provider": "provider[\"registry.terraform.io/hashicorp/azurerm\"]",
      "instances": [
        {
          "index_key": 0,
          "schema_version": 0,
          "attributes": {
            "id": "/subscriptions/82f6d75e-85f4-434a-ab74-5dddd9fa8910/resourceGroups/rg-spoke3/providers/Microsoft.Network/privateDnsZones/privatelink.azurewebsites.net/virtualNetworkLinks/dnszonelink",
            "name": "dnszonelink",
            "private_dns_zone_name": "privatelink.azurewebsites.net",
            "registration_enabled": false,
            "resource_group_name": "rg-spoke3",
            "tags": {},
            "timeouts": null,
            "virtual_network_id": "/subscriptions/82f6d75e-85f4-434a-ab74-5dddd9fa8910/resourceGroups/rg-spoke3/providers/Microsoft.Network/virtualNetworks/vnet_spoke3"
          },
          "sensitive_attributes": [],
          "private": "eyJlMmJmYjczMC1lY2FhLTExZTYtOGY4OC0zNDM2M2JjN2M0YzAiOnsiY3JlYXRlIjoxODAwMDAwMDAwMDAwLCJkZWxldGUiOjE4MDAwMDAwMDAwMDAsInJlYWQiOjMwMDAwMDAwMDAwMCwidXBkYXRlIjoxODAwMDAwMDAwMDAwfX0=",
          "dependencies": [
            "azurerm_firewall.firewall",
            "azurerm_firewall_policy.firewall_policy",
            "azurerm_log_analytics_workspace.workspace",
            "azurerm_private_dns_zone.dnsprivatezone",
            "azurerm_public_ip.public_ip_firewall",
            "azurerm_resource_group.rg_hub",
            "azurerm_resource_group.rg_spoke3",
            "azurerm_resource_group.rg_spoke_app",
            "azurerm_subnet.subnet_firewall",
            "azurerm_virtual_network.vnet_hub",
            "azurerm_virtual_network.vnet_spoke3"
          ]
        }
      ]
    },
    {
      "mode": "managed",
      "type": "azurerm_private_dns_zone_virtual_network_link",
      "name": "link_private_dns_zone_acr_to_vnet_hub",
      "provider": "provider[\"registry.terraform.io/hashicorp/azurerm\"]",
      "instances": [
        {
          "index_key": 0,
          "schema_version": 0,
          "attributes": {
            "id": "/subscriptions/82f6d75e-85f4-434a-ab74-5dddd9fa8910/resourceGroups/rg-spoke-app/providers/Microsoft.Network/privateDnsZones/privatelink.azurecr.io/virtualNetworkLinks/link_private_dns_zone_acr_to_vnet_hub",
            "name": "link_private_dns_zone_acr_to_vnet_hub",
            "private_dns_zone_name": "privatelink.azurecr.io",
            "registration_enabled": false,
            "resource_group_name": "rg-spoke-app",
            "tags": {},
            "timeouts": null,
            "virtual_network_id": "/subscriptions/82f6d75e-85f4-434a-ab74-5dddd9fa8910/resourceGroups/rg-hub/providers/Microsoft.Network/virtualNetworks/vnet-hub"
          },
          "sensitive_attributes": [],
          "private": "eyJlMmJmYjczMC1lY2FhLTExZTYtOGY4OC0zNDM2M2JjN2M0YzAiOnsiY3JlYXRlIjoxODAwMDAwMDAwMDAwLCJkZWxldGUiOjE4MDAwMDAwMDAwMDAsInJlYWQiOjMwMDAwMDAwMDAwMCwidXBkYXRlIjoxODAwMDAwMDAwMDAwfX0=",
          "dependencies": [
            "azurerm_private_dns_zone.private_dns_zone_acr",
            "azurerm_resource_group.rg_hub",
            "azurerm_resource_group.rg_spoke_app",
            "azurerm_virtual_network.vnet_hub"
          ]
        }
      ]
    },
    {
      "mode": "managed",
      "type": "azurerm_private_dns_zone_virtual_network_link",
      "name": "link_private_dns_zone_keyvault_to_vnet_hub",
      "provider": "provider[\"registry.terraform.io/hashicorp/azurerm\"]",
      "instances": [
        {
          "index_key": 0,
          "schema_version": 0,
          "attributes": {
            "id": "/subscriptions/82f6d75e-85f4-434a-ab74-5dddd9fa8910/resourceGroups/rg-spoke-app/providers/Microsoft.Network/privateDnsZones/privatelink.vaultcore.azure.net/virtualNetworkLinks/link_private_dns_zone_keyvault_to_vnet_hub",
            "name": "link_private_dns_zone_keyvault_to_vnet_hub",
            "private_dns_zone_name": "privatelink.vaultcore.azure.net",
            "registration_enabled": false,
            "resource_group_name": "rg-spoke-app",
            "tags": {},
            "timeouts": null,
            "virtual_network_id": "/subscriptions/82f6d75e-85f4-434a-ab74-5dddd9fa8910/resourceGroups/rg-hub/providers/Microsoft.Network/virtualNetworks/vnet-hub"
          },
          "sensitive_attributes": [],
          "private": "eyJlMmJmYjczMC1lY2FhLTExZTYtOGY4OC0zNDM2M2JjN2M0YzAiOnsiY3JlYXRlIjoxODAwMDAwMDAwMDAwLCJkZWxldGUiOjE4MDAwMDAwMDAwMDAsInJlYWQiOjMwMDAwMDAwMDAwMCwidXBkYXRlIjoxODAwMDAwMDAwMDAwfX0=",
          "dependencies": [
            "azurerm_private_dns_zone.private_dns_zone_keyvault",
            "azurerm_resource_group.rg_hub",
            "azurerm_resource_group.rg_spoke_app",
            "azurerm_virtual_network.vnet_hub"
          ]
        }
      ]
    },
    {
      "mode": "managed",
      "type": "azurerm_private_dns_zone_virtual_network_link",
      "name": "private_dns_zone_storage_link_hub",
      "provider": "provider[\"registry.terraform.io/hashicorp/azurerm\"]",
      "instances": [
        {
          "index_key": 0,
          "schema_version": 0,
          "attributes": {
            "id": "/subscriptions/82f6d75e-85f4-434a-ab74-5dddd9fa8910/resourceGroups/rg-spoke-app/providers/Microsoft.Network/privateDnsZones/privatelink.blob.core.windows.net/virtualNetworkLinks/private_dns_zone_storage_link_hub",
            "name": "private_dns_zone_storage_link_hub",
            "private_dns_zone_name": "privatelink.blob.core.windows.net",
            "registration_enabled": false,
            "resource_group_name": "rg-spoke-app",
            "tags": {},
            "timeouts": null,
            "virtual_network_id": "/subscriptions/82f6d75e-85f4-434a-ab74-5dddd9fa8910/resourceGroups/rg-hub/providers/Microsoft.Network/virtualNetworks/vnet-hub"
          },
          "sensitive_attributes": [],
          "private": "eyJlMmJmYjczMC1lY2FhLTExZTYtOGY4OC0zNDM2M2JjN2M0YzAiOnsiY3JlYXRlIjoxODAwMDAwMDAwMDAwLCJkZWxldGUiOjE4MDAwMDAwMDAwMDAsInJlYWQiOjMwMDAwMDAwMDAwMCwidXBkYXRlIjoxODAwMDAwMDAwMDAwfX0=",
          "dependencies": [
            "azurerm_private_dns_zone.private_dns_zone_storage",
            "azurerm_resource_group.rg_hub",
            "azurerm_resource_group.rg_spoke_app",
            "azurerm_virtual_network.vnet_hub"
          ]
        }
      ]
    },
    {
      "mode": "managed",
      "type": "azurerm_private_endpoint",
      "name": "pe_acr",
      "provider": "provider[\"registry.terraform.io/hashicorp/azurerm\"]",
      "instances": [
        {
          "index_key": 0,
          "schema_version": 0,
          "attributes": {
            "custom_dns_configs": [],
            "custom_network_interface_name": "",
            "id": "/subscriptions/82f6d75e-85f4-434a-ab74-5dddd9fa8910/resourceGroups/rg-spoke-app/providers/Microsoft.Network/privateEndpoints/private-endpoint-acr",
            "ip_configuration": [],
            "location": "westeurope",
            "name": "private-endpoint-acr",
            "network_interface": [
              {
                "id": "/subscriptions/82f6d75e-85f4-434a-ab74-5dddd9fa8910/resourceGroups/rg-spoke-app/providers/Microsoft.Network/networkInterfaces/private-endpoint-acr.nic.78fa1412-7bf9-4a56-ae66-44eaebbda74b",
                "name": "private-endpoint-acr.nic.78fa1412-7bf9-4a56-ae66-44eaebbda74b"
              }
            ],
            "private_dns_zone_configs": [
              {
                "id": "/subscriptions/82f6d75e-85f4-434a-ab74-5dddd9fa8910/resourceGroups/rg-spoke-app/providers/Microsoft.Network/privateEndpoints/private-endpoint-acr/privateDnsZoneGroups/private-dns-zone-group-acr/privateDnsZoneConfigs/privatelink.azurecr.io",
                "name": "privatelink.azurecr.io",
                "private_dns_zone_id": "/subscriptions/82f6d75e-85f4-434a-ab74-5dddd9fa8910/resourceGroups/rg-spoke-app/providers/Microsoft.Network/privateDnsZones/privatelink.azurecr.io",
                "record_sets": [
                  {
                    "fqdn": "acrforakstf013.westeurope.data.privatelink.azurecr.io",
                    "ip_addresses": [
                      "10.1.2.5"
                    ],
                    "name": "acrforakstf013.westeurope.data",
                    "ttl": 10,
                    "type": "A"
                  },
                  {
                    "fqdn": "acrforakstf013.privatelink.azurecr.io",
                    "ip_addresses": [
                      "10.1.2.6"
                    ],
                    "name": "acrforakstf013",
                    "ttl": 10,
                    "type": "A"
                  }
                ]
              }
            ],
            "private_dns_zone_group": [
              {
                "id": "/subscriptions/82f6d75e-85f4-434a-ab74-5dddd9fa8910/resourceGroups/rg-spoke-app/providers/Microsoft.Network/privateEndpoints/private-endpoint-acr/privateDnsZoneGroups/private-dns-zone-group-acr",
                "name": "private-dns-zone-group-acr",
                "private_dns_zone_ids": [
                  "/subscriptions/82f6d75e-85f4-434a-ab74-5dddd9fa8910/resourceGroups/rg-spoke-app/providers/Microsoft.Network/privateDnsZones/privatelink.azurecr.io"
                ]
              }
            ],
            "private_service_connection": [
              {
                "is_manual_connection": false,
                "name": "connection-acr",
                "private_connection_resource_alias": "",
                "private_connection_resource_id": "/subscriptions/82f6d75e-85f4-434a-ab74-5dddd9fa8910/resourceGroups/rg-spoke-app/providers/Microsoft.ContainerRegistry/registries/acrforakstf013",
                "private_ip_address": "10.1.2.5",
                "request_message": "",
                "subresource_names": [
                  "registry"
                ]
              }
            ],
            "resource_group_name": "rg-spoke-app",
            "subnet_id": "/subscriptions/82f6d75e-85f4-434a-ab74-5dddd9fa8910/resourceGroups/rg-spoke-app/providers/Microsoft.Network/virtualNetworks/vnet-spoke-app/subnets/subnet-pe",
            "tags": {
              "architecture": "Hub\u0026Spoke",
              "environment": "development",
              "source": "terraform"
            },
            "timeouts": null
          },
          "sensitive_attributes": [],
          "private": "eyJlMmJmYjczMC1lY2FhLTExZTYtOGY4OC0zNDM2M2JjN2M0YzAiOnsiY3JlYXRlIjozNjAwMDAwMDAwMDAwLCJkZWxldGUiOjM2MDAwMDAwMDAwMDAsInJlYWQiOjMwMDAwMDAwMDAwMCwidXBkYXRlIjozNjAwMDAwMDAwMDAwfX0=",
          "dependencies": [
            "azurerm_container_registry.acr",
            "azurerm_firewall.firewall",
            "azurerm_firewall_policy.firewall_policy",
            "azurerm_log_analytics_workspace.workspace",
            "azurerm_private_dns_zone.private_dns_zone_acr",
            "azurerm_public_ip.public_ip_firewall",
            "azurerm_resource_group.rg_hub",
            "azurerm_resource_group.rg_spoke_app",
            "azurerm_subnet.subnet_firewall",
            "azurerm_subnet.subnet_pe",
            "azurerm_virtual_network.vnet_hub",
            "azurerm_virtual_network.vnet_spoke_app",
            "data.http.machine_ip"
          ]
        }
      ]
    },
    {
      "mode": "managed",
      "type": "azurerm_private_endpoint",
      "name": "pe_backend",
      "provider": "provider[\"registry.terraform.io/hashicorp/azurerm\"]",
      "instances": [
        {
          "index_key": 0,
          "schema_version": 0,
          "attributes": {
            "custom_dns_configs": [],
            "custom_network_interface_name": "",
            "id": "/subscriptions/82f6d75e-85f4-434a-ab74-5dddd9fa8910/resourceGroups/rg-spoke3/providers/Microsoft.Network/privateEndpoints/private-endpoint-backend",
            "ip_configuration": [],
            "location": "westeurope",
            "name": "private-endpoint-backend",
            "network_interface": [
              {
                "id": "/subscriptions/82f6d75e-85f4-434a-ab74-5dddd9fa8910/resourceGroups/rg-spoke3/providers/Microsoft.Network/networkInterfaces/private-endpoint-backend.nic.329b51f4-599e-484f-8be6-a73c7e09118e",
                "name": "private-endpoint-backend.nic.329b51f4-599e-484f-8be6-a73c7e09118e"
              }
            ],
            "private_dns_zone_configs": [
              {
                "id": "/subscriptions/82f6d75e-85f4-434a-ab74-5dddd9fa8910/resourceGroups/rg-spoke3/providers/Microsoft.Network/privateEndpoints/private-endpoint-backend/privateDnsZoneGroups/privatednszonegroup/privateDnsZoneConfigs/privatelink.azurewebsites.net",
                "name": "privatelink.azurewebsites.net",
                "private_dns_zone_id": "/subscriptions/82f6d75e-85f4-434a-ab74-5dddd9fa8910/resourceGroups/rg-spoke3/providers/Microsoft.Network/privateDnsZones/privatelink.azurewebsites.net",
                "record_sets": [
                  {
                    "fqdn": "webapp-backend-011.privatelink.azurewebsites.net",
                    "ip_addresses": [
                      "10.3.2.4"
                    ],
                    "name": "webapp-backend-011",
                    "ttl": 10,
                    "type": "A"
                  },
                  {
                    "fqdn": "webapp-backend-011.scm.privatelink.azurewebsites.net",
                    "ip_addresses": [
                      "10.3.2.4"
                    ],
                    "name": "webapp-backend-011.scm",
                    "ttl": 10,
                    "type": "A"
                  }
                ]
              }
            ],
            "private_dns_zone_group": [
              {
                "id": "/subscriptions/82f6d75e-85f4-434a-ab74-5dddd9fa8910/resourceGroups/rg-spoke3/providers/Microsoft.Network/privateEndpoints/private-endpoint-backend/privateDnsZoneGroups/privatednszonegroup",
                "name": "privatednszonegroup",
                "private_dns_zone_ids": [
                  "/subscriptions/82f6d75e-85f4-434a-ab74-5dddd9fa8910/resourceGroups/rg-spoke3/providers/Microsoft.Network/privateDnsZones/privatelink.azurewebsites.net"
                ]
              }
            ],
            "private_service_connection": [
              {
                "is_manual_connection": false,
                "name": "pe-connection",
                "private_connection_resource_alias": "",
                "private_connection_resource_id": "/subscriptions/82f6d75e-85f4-434a-ab74-5dddd9fa8910/resourceGroups/rg-spoke3/providers/Microsoft.Web/sites/webapp-backend-011",
                "private_ip_address": "10.3.2.4",
                "request_message": "",
                "subresource_names": [
                  "sites"
                ]
              }
            ],
            "resource_group_name": "rg-spoke3",
            "subnet_id": "/subscriptions/82f6d75e-85f4-434a-ab74-5dddd9fa8910/resourceGroups/rg-spoke3/providers/Microsoft.Network/virtualNetworks/vnet_spoke3/subnets/snet-private-endpoint",
            "tags": {},
            "timeouts": null
          },
          "sensitive_attributes": [],
          "private": "eyJlMmJmYjczMC1lY2FhLTExZTYtOGY4OC0zNDM2M2JjN2M0YzAiOnsiY3JlYXRlIjozNjAwMDAwMDAwMDAwLCJkZWxldGUiOjM2MDAwMDAwMDAwMDAsInJlYWQiOjMwMDAwMDAwMDAwMCwidXBkYXRlIjozNjAwMDAwMDAwMDAwfX0=",
          "dependencies": [
            "azurerm_firewall.firewall",
            "azurerm_firewall_policy.firewall_policy",
            "azurerm_linux_web_app.webapp_backend",
            "azurerm_log_analytics_workspace.workspace",
            "azurerm_private_dns_zone.dnsprivatezone",
            "azurerm_public_ip.public_ip_firewall",
            "azurerm_resource_group.rg_hub",
            "azurerm_resource_group.rg_spoke3",
            "azurerm_resource_group.rg_spoke_app",
            "azurerm_service_plan.service_plan",
            "azurerm_subnet.snet_pe",
            "azurerm_subnet.subnet_firewall",
            "azurerm_virtual_network.vnet_hub",
            "azurerm_virtual_network.vnet_spoke3"
          ]
        }
      ]
    },
    {
      "mode": "managed",
      "type": "azurerm_private_endpoint",
      "name": "pe_keyvault",
      "provider": "provider[\"registry.terraform.io/hashicorp/azurerm\"]",
      "instances": [
        {
          "index_key": 0,
          "schema_version": 0,
          "attributes": {
            "custom_dns_configs": [],
            "custom_network_interface_name": "",
            "id": "/subscriptions/82f6d75e-85f4-434a-ab74-5dddd9fa8910/resourceGroups/rg-spoke-app/providers/Microsoft.Network/privateEndpoints/private-endpoint-keyvault",
            "ip_configuration": [],
            "location": "westeurope",
            "name": "private-endpoint-keyvault",
            "network_interface": [
              {
                "id": "/subscriptions/82f6d75e-85f4-434a-ab74-5dddd9fa8910/resourceGroups/rg-spoke-app/providers/Microsoft.Network/networkInterfaces/private-endpoint-keyvault.nic.efe5ccd8-11f5-48d2-b783-48f46faf73bc",
                "name": "private-endpoint-keyvault.nic.efe5ccd8-11f5-48d2-b783-48f46faf73bc"
              }
            ],
            "private_dns_zone_configs": [
              {
                "id": "/subscriptions/82f6d75e-85f4-434a-ab74-5dddd9fa8910/resourceGroups/rg-spoke-app/providers/Microsoft.Network/privateEndpoints/private-endpoint-keyvault/privateDnsZoneGroups/private-dns-zone-group-keyvault/privateDnsZoneConfigs/privatelink.vaultcore.azure.net",
                "name": "privatelink.vaultcore.azure.net",
                "private_dns_zone_id": "/subscriptions/82f6d75e-85f4-434a-ab74-5dddd9fa8910/resourceGroups/rg-spoke-app/providers/Microsoft.Network/privateDnsZones/privatelink.vaultcore.azure.net",
                "record_sets": [
                  {
                    "fqdn": "kvforaks0113.privatelink.vaultcore.azure.net",
                    "ip_addresses": [
                      "10.1.2.7"
                    ],
                    "name": "kvforaks0113",
                    "ttl": 10,
                    "type": "A"
                  }
                ]
              }
            ],
            "private_dns_zone_group": [
              {
                "id": "/subscriptions/82f6d75e-85f4-434a-ab74-5dddd9fa8910/resourceGroups/rg-spoke-app/providers/Microsoft.Network/privateEndpoints/private-endpoint-keyvault/privateDnsZoneGroups/private-dns-zone-group-keyvault",
                "name": "private-dns-zone-group-keyvault",
                "private_dns_zone_ids": [
                  "/subscriptions/82f6d75e-85f4-434a-ab74-5dddd9fa8910/resourceGroups/rg-spoke-app/providers/Microsoft.Network/privateDnsZones/privatelink.vaultcore.azure.net"
                ]
              }
            ],
            "private_service_connection": [
              {
                "is_manual_connection": false,
                "name": "connection-keyvault",
                "private_connection_resource_alias": "",
                "private_connection_resource_id": "/subscriptions/82f6d75e-85f4-434a-ab74-5dddd9fa8910/resourceGroups/rg-spoke-app/providers/Microsoft.KeyVault/vaults/kvforaks0113",
                "private_ip_address": "10.1.2.7",
                "request_message": "",
                "subresource_names": [
                  "vault"
                ]
              }
            ],
            "resource_group_name": "rg-spoke-app",
            "subnet_id": "/subscriptions/82f6d75e-85f4-434a-ab74-5dddd9fa8910/resourceGroups/rg-spoke-app/providers/Microsoft.Network/virtualNetworks/vnet-spoke-app/subnets/subnet-pe",
            "tags": {
              "architecture": "Hub\u0026Spoke",
              "environment": "development",
              "source": "terraform"
            },
            "timeouts": null
          },
          "sensitive_attributes": [],
          "private": "eyJlMmJmYjczMC1lY2FhLTExZTYtOGY4OC0zNDM2M2JjN2M0YzAiOnsiY3JlYXRlIjozNjAwMDAwMDAwMDAwLCJkZWxldGUiOjM2MDAwMDAwMDAwMDAsInJlYWQiOjMwMDAwMDAwMDAwMCwidXBkYXRlIjozNjAwMDAwMDAwMDAwfX0=",
          "dependencies": [
            "azurerm_firewall.firewall",
            "azurerm_firewall_policy.firewall_policy",
            "azurerm_key_vault.kv",
            "azurerm_log_analytics_workspace.workspace",
            "azurerm_private_dns_zone.private_dns_zone_keyvault",
            "azurerm_public_ip.public_ip_firewall",
            "azurerm_resource_group.rg_hub",
            "azurerm_resource_group.rg_spoke_app",
            "azurerm_subnet.subnet_firewall",
            "azurerm_subnet.subnet_pe",
            "azurerm_virtual_network.vnet_hub",
            "azurerm_virtual_network.vnet_spoke_app",
            "data.azurerm_client_config.current",
            "data.http.machine_ip"
          ]
        }
      ]
    },
    {
      "mode": "managed",
      "type": "azurerm_private_endpoint",
      "name": "pe_storage",
      "provider": "provider[\"registry.terraform.io/hashicorp/azurerm\"]",
      "instances": [
        {
          "index_key": 0,
          "schema_version": 0,
          "attributes": {
            "custom_dns_configs": [],
            "custom_network_interface_name": "",
            "id": "/subscriptions/82f6d75e-85f4-434a-ab74-5dddd9fa8910/resourceGroups/rg-spoke-app/providers/Microsoft.Network/privateEndpoints/private-endpoint-storage",
            "ip_configuration": [],
            "location": "westeurope",
            "name": "private-endpoint-storage",
            "network_interface": [
              {
                "id": "/subscriptions/82f6d75e-85f4-434a-ab74-5dddd9fa8910/resourceGroups/rg-spoke-app/providers/Microsoft.Network/networkInterfaces/private-endpoint-storage.nic.8c5a8d6a-2932-49e6-9f5c-70ab35c02d76",
                "name": "private-endpoint-storage.nic.8c5a8d6a-2932-49e6-9f5c-70ab35c02d76"
              }
            ],
            "private_dns_zone_configs": [
              {
                "id": "/subscriptions/82f6d75e-85f4-434a-ab74-5dddd9fa8910/resourceGroups/rg-spoke-app/providers/Microsoft.Network/privateEndpoints/private-endpoint-storage/privateDnsZoneGroups/private-dns-zone-group/privateDnsZoneConfigs/privatelink.blob.core.windows.net",
                "name": "privatelink.blob.core.windows.net",
                "private_dns_zone_id": "/subscriptions/82f6d75e-85f4-434a-ab74-5dddd9fa8910/resourceGroups/rg-spoke-app/providers/Microsoft.Network/privateDnsZones/privatelink.blob.core.windows.net",
                "record_sets": [
                  {
                    "fqdn": "storageforaks011.privatelink.blob.core.windows.net",
                    "ip_addresses": [
                      "10.1.2.4"
                    ],
                    "name": "storageforaks011",
                    "ttl": 10,
                    "type": "A"
                  }
                ]
              }
            ],
            "private_dns_zone_group": [
              {
                "id": "/subscriptions/82f6d75e-85f4-434a-ab74-5dddd9fa8910/resourceGroups/rg-spoke-app/providers/Microsoft.Network/privateEndpoints/private-endpoint-storage/privateDnsZoneGroups/private-dns-zone-group",
                "name": "private-dns-zone-group",
                "private_dns_zone_ids": [
                  "/subscriptions/82f6d75e-85f4-434a-ab74-5dddd9fa8910/resourceGroups/rg-spoke-app/providers/Microsoft.Network/privateDnsZones/privatelink.blob.core.windows.net"
                ]
              }
            ],
            "private_service_connection": [
              {
                "is_manual_connection": false,
                "name": "connection_storage",
                "private_connection_resource_alias": "",
                "private_connection_resource_id": "/subscriptions/82f6d75e-85f4-434a-ab74-5dddd9fa8910/resourceGroups/rg-spoke-app/providers/Microsoft.Storage/storageAccounts/storageforaks011",
                "private_ip_address": "10.1.2.4",
                "request_message": "",
                "subresource_names": [
                  "blob"
                ]
              }
            ],
            "resource_group_name": "rg-spoke-app",
            "subnet_id": "/subscriptions/82f6d75e-85f4-434a-ab74-5dddd9fa8910/resourceGroups/rg-spoke-app/providers/Microsoft.Network/virtualNetworks/vnet-spoke-app/subnets/subnet-pe",
            "tags": {},
            "timeouts": null
          },
          "sensitive_attributes": [],
          "private": "eyJlMmJmYjczMC1lY2FhLTExZTYtOGY4OC0zNDM2M2JjN2M0YzAiOnsiY3JlYXRlIjozNjAwMDAwMDAwMDAwLCJkZWxldGUiOjM2MDAwMDAwMDAwMDAsInJlYWQiOjMwMDAwMDAwMDAwMCwidXBkYXRlIjozNjAwMDAwMDAwMDAwfX0=",
          "dependencies": [
            "azurerm_firewall.firewall",
            "azurerm_firewall_policy.firewall_policy",
            "azurerm_log_analytics_workspace.workspace",
            "azurerm_private_dns_zone.private_dns_zone_storage",
            "azurerm_public_ip.public_ip_firewall",
            "azurerm_resource_group.rg_hub",
            "azurerm_resource_group.rg_spoke_app",
            "azurerm_storage_account.storage",
            "azurerm_subnet.subnet_firewall",
            "azurerm_subnet.subnet_pe",
            "azurerm_virtual_network.vnet_hub",
            "azurerm_virtual_network.vnet_spoke_app"
          ]
        }
      ]
    },
    {
      "mode": "managed",
      "type": "azurerm_public_ip",
      "name": "public_ip_bastion",
      "provider": "provider[\"registry.terraform.io/hashicorp/azurerm\"].subscription_hub",
      "instances": [
        {
          "index_key": 0,
          "schema_version": 0,
          "attributes": {
            "allocation_method": "Static",
            "ddos_protection_mode": "VirtualNetworkInherited",
            "ddos_protection_plan_id": null,
            "domain_name_label": null,
            "edge_zone": "",
            "fqdn": null,
            "id": "/subscriptions/82f6d75e-85f4-434a-ab74-5dddd9fa8910/resourceGroups/rg-hub/providers/Microsoft.Network/publicIPAddresses/public-ip-bastion",
            "idle_timeout_in_minutes": 4,
            "ip_address": "20.160.8.248",
            "ip_tags": {},
            "ip_version": "IPv4",
            "location": "westeurope",
            "name": "public-ip-bastion",
            "public_ip_prefix_id": null,
            "resource_group_name": "rg-hub",
            "reverse_fqdn": null,
            "sku": "Standard",
            "sku_tier": "Regional",
            "tags": {
              "architecture": "Hub\u0026Spoke",
              "environment": "development",
              "source": "terraform"
            },
            "timeouts": null,
            "zones": []
          },
          "sensitive_attributes": [],
          "private": "eyJlMmJmYjczMC1lY2FhLTExZTYtOGY4OC0zNDM2M2JjN2M0YzAiOnsiY3JlYXRlIjoxODAwMDAwMDAwMDAwLCJkZWxldGUiOjE4MDAwMDAwMDAwMDAsInJlYWQiOjMwMDAwMDAwMDAwMCwidXBkYXRlIjoxODAwMDAwMDAwMDAwfX0=",
          "dependencies": [
            "azurerm_resource_group.rg_hub"
          ]
        }
      ]
    },
    {
      "mode": "managed",
      "type": "azurerm_public_ip",
      "name": "public_ip_firewall",
      "provider": "provider[\"registry.terraform.io/hashicorp/azurerm\"].subscription_hub",
      "instances": [
        {
          "index_key": 0,
          "schema_version": 0,
          "attributes": {
            "allocation_method": "Static",
            "ddos_protection_mode": "VirtualNetworkInherited",
            "ddos_protection_plan_id": null,
            "domain_name_label": null,
            "edge_zone": "",
            "fqdn": null,
            "id": "/subscriptions/82f6d75e-85f4-434a-ab74-5dddd9fa8910/resourceGroups/rg-hub/providers/Microsoft.Network/publicIPAddresses/public-ip-firewall",
            "idle_timeout_in_minutes": 4,
            "ip_address": "20.4.21.214",
            "ip_tags": {},
            "ip_version": "IPv4",
            "location": "westeurope",
            "name": "public-ip-firewall",
            "public_ip_prefix_id": null,
            "resource_group_name": "rg-hub",
            "reverse_fqdn": null,
            "sku": "Standard",
            "sku_tier": "Regional",
            "tags": {},
            "timeouts": null,
            "zones": []
          },
          "sensitive_attributes": [],
          "private": "eyJlMmJmYjczMC1lY2FhLTExZTYtOGY4OC0zNDM2M2JjN2M0YzAiOnsiY3JlYXRlIjoxODAwMDAwMDAwMDAwLCJkZWxldGUiOjE4MDAwMDAwMDAwMDAsInJlYWQiOjMwMDAwMDAwMDAwMCwidXBkYXRlIjoxODAwMDAwMDAwMDAwfX0=",
          "dependencies": [
            "azurerm_resource_group.rg_hub"
          ],
          "create_before_destroy": true
        }
      ]
    },
    {
      "mode": "managed",
      "type": "azurerm_resource_group",
      "name": "rg_hub",
      "provider": "provider[\"registry.terraform.io/hashicorp/azurerm\"].subscription_hub",
      "instances": [
        {
          "schema_version": 0,
          "attributes": {
            "id": "/subscriptions/82f6d75e-85f4-434a-ab74-5dddd9fa8910/resourceGroups/rg-hub",
            "location": "westeurope",
            "name": "rg-hub",
            "tags": {
              "architecture": "Hub\u0026Spoke",
              "environment": "development",
              "source": "terraform"
            },
            "timeouts": null
          },
          "sensitive_attributes": [],
          "private": "eyJlMmJmYjczMC1lY2FhLTExZTYtOGY4OC0zNDM2M2JjN2M0YzAiOnsiY3JlYXRlIjo1NDAwMDAwMDAwMDAwLCJkZWxldGUiOjU0MDAwMDAwMDAwMDAsInJlYWQiOjMwMDAwMDAwMDAwMCwidXBkYXRlIjo1NDAwMDAwMDAwMDAwfX0=",
          "create_before_destroy": true
        }
      ]
    },
    {
      "mode": "managed",
      "type": "azurerm_resource_group",
      "name": "rg_log_flow",
      "provider": "provider[\"registry.terraform.io/hashicorp/azurerm\"]",
      "instances": [
        {
          "index_key": 0,
          "schema_version": 0,
          "attributes": {
            "id": "/subscriptions/82f6d75e-85f4-434a-ab74-5dddd9fa8910/resourceGroups/rg_log_flow",
            "location": "westeurope",
            "name": "rg_log_flow",
            "tags": {
              "architecture": "Hub\u0026Spoke",
              "environment": "development",
              "source": "terraform"
            },
            "timeouts": null
          },
          "sensitive_attributes": [],
          "private": "eyJlMmJmYjczMC1lY2FhLTExZTYtOGY4OC0zNDM2M2JjN2M0YzAiOnsiY3JlYXRlIjo1NDAwMDAwMDAwMDAwLCJkZWxldGUiOjU0MDAwMDAwMDAwMDAsInJlYWQiOjMwMDAwMDAwMDAwMCwidXBkYXRlIjo1NDAwMDAwMDAwMDAwfX0="
        }
      ]
    },
    {
      "mode": "managed",
      "type": "azurerm_resource_group",
      "name": "rg_spoke3",
      "provider": "provider[\"registry.terraform.io/hashicorp/azurerm\"]",
      "instances": [
        {
          "index_key": 0,
          "schema_version": 0,
          "attributes": {
            "id": "/subscriptions/82f6d75e-85f4-434a-ab74-5dddd9fa8910/resourceGroups/rg-spoke3",
            "location": "westeurope",
            "name": "rg-spoke3",
            "tags": {},
            "timeouts": null
          },
          "sensitive_attributes": [],
          "private": "eyJlMmJmYjczMC1lY2FhLTExZTYtOGY4OC0zNDM2M2JjN2M0YzAiOnsiY3JlYXRlIjo1NDAwMDAwMDAwMDAwLCJkZWxldGUiOjU0MDAwMDAwMDAwMDAsInJlYWQiOjMwMDAwMDAwMDAwMCwidXBkYXRlIjo1NDAwMDAwMDAwMDAwfX0="
        }
      ]
    },
    {
      "mode": "managed",
      "type": "azurerm_resource_group",
      "name": "rg_spoke_aks",
      "provider": "provider[\"registry.terraform.io/hashicorp/azurerm\"]",
      "instances": [
        {
          "schema_version": 0,
          "attributes": {
            "id": "/subscriptions/82f6d75e-85f4-434a-ab74-5dddd9fa8910/resourceGroups/rg-spoke-aks",
            "location": "westeurope",
            "name": "rg-spoke-aks",
            "tags": {
              "architecture": "Hub\u0026Spoke",
              "environment": "development",
              "source": "terraform"
            },
            "timeouts": null
          },
          "sensitive_attributes": [],
          "private": "eyJlMmJmYjczMC1lY2FhLTExZTYtOGY4OC0zNDM2M2JjN2M0YzAiOnsiY3JlYXRlIjo1NDAwMDAwMDAwMDAwLCJkZWxldGUiOjU0MDAwMDAwMDAwMDAsInJlYWQiOjMwMDAwMDAwMDAwMCwidXBkYXRlIjo1NDAwMDAwMDAwMDAwfX0=",
          "create_before_destroy": true
        }
      ]
    },
    {
      "mode": "managed",
      "type": "azurerm_resource_group",
      "name": "rg_spoke_app",
      "provider": "provider[\"registry.terraform.io/hashicorp/azurerm\"]",
      "instances": [
        {
          "schema_version": 0,
          "attributes": {
            "id": "/subscriptions/82f6d75e-85f4-434a-ab74-5dddd9fa8910/resourceGroups/rg-spoke-app",
            "location": "westeurope",
            "name": "rg-spoke-app",
            "tags": {
              "architecture": "Hub\u0026Spoke",
              "environment": "development",
              "source": "terraform"
            },
            "timeouts": null
          },
          "sensitive_attributes": [],
          "private": "eyJlMmJmYjczMC1lY2FhLTExZTYtOGY4OC0zNDM2M2JjN2M0YzAiOnsiY3JlYXRlIjo1NDAwMDAwMDAwMDAwLCJkZWxldGUiOjU0MDAwMDAwMDAwMDAsInJlYWQiOjMwMDAwMDAwMDAwMCwidXBkYXRlIjo1NDAwMDAwMDAwMDAwfX0=",
          "create_before_destroy": true
        }
      ]
    },
    {
      "mode": "managed",
      "type": "azurerm_resource_group",
      "name": "rg_spoke_mgt",
      "provider": "provider[\"registry.terraform.io/hashicorp/azurerm\"]",
      "instances": [
        {
          "index_key": 0,
          "schema_version": 0,
          "attributes": {
            "id": "/subscriptions/82f6d75e-85f4-434a-ab74-5dddd9fa8910/resourceGroups/rg-spoke-mgt",
            "location": "westeurope",
            "name": "rg-spoke-mgt",
            "tags": {
              "architecture": "Hub\u0026Spoke",
              "environment": "development",
              "source": "terraform"
            },
            "timeouts": null
          },
          "sensitive_attributes": [],
          "private": "eyJlMmJmYjczMC1lY2FhLTExZTYtOGY4OC0zNDM2M2JjN2M0YzAiOnsiY3JlYXRlIjo1NDAwMDAwMDAwMDAwLCJkZWxldGUiOjU0MDAwMDAwMDAwMDAsInJlYWQiOjMwMDAwMDAwMDAwMCwidXBkYXRlIjo1NDAwMDAwMDAwMDAwfX0="
        }
      ]
    },
    {
      "mode": "managed",
      "type": "azurerm_role_assignment",
      "name": "current_user_aks_admin",
      "provider": "provider[\"registry.terraform.io/hashicorp/azurerm\"]",
      "instances": [
        {
          "index_key": 0,
          "schema_version": 0,
          "attributes": {
            "condition": "",
            "condition_version": "",
            "delegated_managed_identity_resource_id": "",
            "description": "",
            "id": "/subscriptions/82f6d75e-85f4-434a-ab74-5dddd9fa8910/resourceGroups/rg-spoke-aks/providers/Microsoft.ContainerService/managedClusters/aks-cluster/providers/Microsoft.Authorization/roleAssignments/b1c22bd7-5eb6-b0fd-0c04-e8f9b322c32b",
            "name": "b1c22bd7-5eb6-b0fd-0c04-e8f9b322c32b",
            "principal_id": "99b281c9-823c-4633-af92-8ac556a19bee",
            "principal_type": "User",
            "role_definition_id": "/subscriptions/82f6d75e-85f4-434a-ab74-5dddd9fa8910/providers/Microsoft.Authorization/roleDefinitions/b1ff04bb-8a4e-4dc4-8eb5-8693973ce19b",
            "role_definition_name": "Azure Kubernetes Service RBAC Cluster Admin",
            "scope": "/subscriptions/82f6d75e-85f4-434a-ab74-5dddd9fa8910/resourceGroups/rg-spoke-aks/providers/Microsoft.ContainerService/managedClusters/aks-cluster",
            "skip_service_principal_aad_check": false,
            "timeouts": {
              "create": "2m",
              "delete": "2m",
              "read": null,
              "update": "2m"
            }
          },
          "sensitive_attributes": [],
          "private": "eyJlMmJmYjczMC1lY2FhLTExZTYtOGY4OC0zNDM2M2JjN2M0YzAiOnsiY3JlYXRlIjoxMjAwMDAwMDAwMDAsImRlbGV0ZSI6MTIwMDAwMDAwMDAwLCJyZWFkIjozMDAwMDAwMDAwMDAsInVwZGF0ZSI6MTIwMDAwMDAwMDAwfX0=",
          "dependencies": [
            "azuread_group.aks_admins",
            "azurerm_application_gateway.appgw",
            "azurerm_firewall.firewall",
            "azurerm_firewall_policy.firewall_policy",
            "azurerm_kubernetes_cluster.aks",
            "azurerm_log_analytics_workspace.workspace",
            "azurerm_private_dns_zone.private_dns_zone_aks",
            "azurerm_public_ip.appgw_pip",
            "azurerm_public_ip.public_ip_firewall",
            "azurerm_resource_group.rg_hub",
            "azurerm_resource_group.rg_spoke_aks",
            "azurerm_resource_group.rg_spoke_app",
            "azurerm_subnet.subnet_apiserver",
            "azurerm_subnet.subnet_appgw",
            "azurerm_subnet.subnet_firewall",
            "azurerm_subnet.subnet_nodes",
            "azurerm_subnet.subnet_pods",
            "azurerm_user_assigned_identity.identity-kubelet",
            "azurerm_user_assigned_identity.identity_aks",
            "azurerm_virtual_network.vnet_hub",
            "azurerm_virtual_network.vnet_spoke_app",
            "data.azuread_client_config.current",
            "data.azurerm_subscription.subscription_spoke"
          ]
        }
      ]
    },
    {
      "mode": "managed",
      "type": "azurerm_role_assignment",
      "name": "role_acrpull",
      "provider": "provider[\"registry.terraform.io/hashicorp/azurerm\"]",
      "instances": [
        {
          "index_key": 0,
          "schema_version": 0,
          "attributes": {
            "condition": "",
            "condition_version": "",
            "delegated_managed_identity_resource_id": "",
            "description": "",
            "id": "/subscriptions/82f6d75e-85f4-434a-ab74-5dddd9fa8910/resourceGroups/rg-spoke-app/providers/Microsoft.ContainerRegistry/registries/acrforakstf013/providers/Microsoft.Authorization/roleAssignments/6d8fd628-9f74-21b7-3e56-bb89619d93a9",
            "name": "6d8fd628-9f74-21b7-3e56-bb89619d93a9",
            "principal_id": "8d1fbf25-478f-4761-87fa-106ca79b40cf",
            "principal_type": "ServicePrincipal",
            "role_definition_id": "/subscriptions/82f6d75e-85f4-434a-ab74-5dddd9fa8910/providers/Microsoft.Authorization/roleDefinitions/7f951dda-4ed3-4680-a7ca-43fe172d538d",
            "role_definition_name": "AcrPull",
            "scope": "/subscriptions/82f6d75e-85f4-434a-ab74-5dddd9fa8910/resourceGroups/rg-spoke-app/providers/Microsoft.ContainerRegistry/registries/acrforakstf013",
            "skip_service_principal_aad_check": true,
            "timeouts": null
          },
          "sensitive_attributes": [],
          "private": "eyJlMmJmYjczMC1lY2FhLTExZTYtOGY4OC0zNDM2M2JjN2M0YzAiOnsiY3JlYXRlIjoxODAwMDAwMDAwMDAwLCJkZWxldGUiOjE4MDAwMDAwMDAwMDAsInJlYWQiOjMwMDAwMDAwMDAwMCwidXBkYXRlIjoxODAwMDAwMDAwMDAwfX0=",
          "dependencies": [
            "azurerm_container_registry.acr",
            "azurerm_resource_group.rg_spoke_aks",
            "azurerm_resource_group.rg_spoke_app",
            "azurerm_user_assigned_identity.identity-kubelet",
            "data.http.machine_ip"
          ]
        }
      ]
    },
    {
      "mode": "managed",
      "type": "azurerm_role_assignment",
      "name": "role_identity_aks_contributor",
      "provider": "provider[\"registry.terraform.io/hashicorp/azurerm\"]",
      "instances": [
        {
          "index_key": 0,
          "schema_version": 0,
          "attributes": {
            "condition": "",
            "condition_version": "",
            "delegated_managed_identity_resource_id": "",
            "description": "",
            "id": "/subscriptions/82f6d75e-85f4-434a-ab74-5dddd9fa8910/resourceGroups/rg-spoke-aks/providers/Microsoft.Authorization/roleAssignments/ae2dac28-bc78-f331-4823-7ec6ab16821f",
            "name": "ae2dac28-bc78-f331-4823-7ec6ab16821f",
            "principal_id": "987a88b1-1893-450a-9fdd-ec24ae71bed3",
            "principal_type": "ServicePrincipal",
            "role_definition_id": "/subscriptions/82f6d75e-85f4-434a-ab74-5dddd9fa8910/providers/Microsoft.Authorization/roleDefinitions/b24988ac-6180-42a0-ab88-20f7382dd24c",
            "role_definition_name": "Contributor",
            "scope": "/subscriptions/82f6d75e-85f4-434a-ab74-5dddd9fa8910/resourceGroups/rg-spoke-aks",
            "skip_service_principal_aad_check": true,
            "timeouts": null
          },
          "sensitive_attributes": [],
          "private": "eyJlMmJmYjczMC1lY2FhLTExZTYtOGY4OC0zNDM2M2JjN2M0YzAiOnsiY3JlYXRlIjoxODAwMDAwMDAwMDAwLCJkZWxldGUiOjE4MDAwMDAwMDAwMDAsInJlYWQiOjMwMDAwMDAwMDAwMCwidXBkYXRlIjoxODAwMDAwMDAwMDAwfX0=",
          "dependencies": [
            "azurerm_resource_group.rg_spoke_aks",
            "azurerm_user_assigned_identity.identity_aks"
          ]
        }
      ]
    },
    {
      "mode": "managed",
      "type": "azurerm_role_assignment",
      "name": "role_identity_aks_mi_operator",
      "provider": "provider[\"registry.terraform.io/hashicorp/azurerm\"]",
      "instances": [
        {
          "index_key": 0,
          "schema_version": 0,
          "attributes": {
            "condition": "",
            "condition_version": "",
            "delegated_managed_identity_resource_id": "",
            "description": "",
            "id": "/subscriptions/82f6d75e-85f4-434a-ab74-5dddd9fa8910/resourceGroups/rg-spoke-aks/providers/Microsoft.ManagedIdentity/userAssignedIdentities/identity-kubelet/providers/Microsoft.Authorization/roleAssignments/c9cc9aba-45de-f9f0-6211-f104d812bc4f",
            "name": "c9cc9aba-45de-f9f0-6211-f104d812bc4f",
            "principal_id": "987a88b1-1893-450a-9fdd-ec24ae71bed3",
            "principal_type": "ServicePrincipal",
            "role_definition_id": "/subscriptions/82f6d75e-85f4-434a-ab74-5dddd9fa8910/providers/Microsoft.Authorization/roleDefinitions/f1a07417-d97a-45cb-824c-7a7467783830",
            "role_definition_name": "Managed Identity Operator",
            "scope": "/subscriptions/82f6d75e-85f4-434a-ab74-5dddd9fa8910/resourceGroups/rg-spoke-aks/providers/Microsoft.ManagedIdentity/userAssignedIdentities/identity-kubelet",
            "skip_service_principal_aad_check": true,
            "timeouts": null
          },
          "sensitive_attributes": [],
          "private": "eyJlMmJmYjczMC1lY2FhLTExZTYtOGY4OC0zNDM2M2JjN2M0YzAiOnsiY3JlYXRlIjoxODAwMDAwMDAwMDAwLCJkZWxldGUiOjE4MDAwMDAwMDAwMDAsInJlYWQiOjMwMDAwMDAwMDAwMCwidXBkYXRlIjoxODAwMDAwMDAwMDAwfX0=",
          "dependencies": [
            "azurerm_resource_group.rg_spoke_aks",
            "azurerm_user_assigned_identity.identity-kubelet",
            "azurerm_user_assigned_identity.identity_aks"
          ]
        }
      ]
    },
    {
      "mode": "managed",
      "type": "azurerm_role_assignment",
      "name": "role_identity_aks_network_contributor",
      "provider": "provider[\"registry.terraform.io/hashicorp/azurerm\"]",
      "instances": [
        {
          "index_key": 0,
          "schema_version": 0,
          "attributes": {
            "condition": "",
            "condition_version": "",
            "delegated_managed_identity_resource_id": "",
            "description": "",
            "id": "/subscriptions/82f6d75e-85f4-434a-ab74-5dddd9fa8910/resourceGroups/rg-spoke-app/providers/Microsoft.Network/virtualNetworks/vnet-spoke-app/providers/Microsoft.Authorization/roleAssignments/e1845326-fea3-0c44-30c9-ef847d4b5e72",
            "name": "e1845326-fea3-0c44-30c9-ef847d4b5e72",
            "principal_id": "987a88b1-1893-450a-9fdd-ec24ae71bed3",
            "principal_type": "ServicePrincipal",
            "role_definition_id": "/subscriptions/82f6d75e-85f4-434a-ab74-5dddd9fa8910/providers/Microsoft.Authorization/roleDefinitions/4d97b98b-1d4f-4787-a291-c67834d212e7",
            "role_definition_name": "Network Contributor",
            "scope": "/subscriptions/82f6d75e-85f4-434a-ab74-5dddd9fa8910/resourceGroups/rg-spoke-app/providers/Microsoft.Network/virtualNetworks/vnet-spoke-app",
            "skip_service_principal_aad_check": true,
            "timeouts": null
          },
          "sensitive_attributes": [],
          "private": "eyJlMmJmYjczMC1lY2FhLTExZTYtOGY4OC0zNDM2M2JjN2M0YzAiOnsiY3JlYXRlIjoxODAwMDAwMDAwMDAwLCJkZWxldGUiOjE4MDAwMDAwMDAwMDAsInJlYWQiOjMwMDAwMDAwMDAwMCwidXBkYXRlIjoxODAwMDAwMDAwMDAwfX0=",
          "dependencies": [
            "azurerm_firewall.firewall",
            "azurerm_firewall_policy.firewall_policy",
            "azurerm_log_analytics_workspace.workspace",
            "azurerm_public_ip.public_ip_firewall",
            "azurerm_resource_group.rg_hub",
            "azurerm_resource_group.rg_spoke_aks",
            "azurerm_resource_group.rg_spoke_app",
            "azurerm_subnet.subnet_firewall",
            "azurerm_user_assigned_identity.identity_aks",
            "azurerm_virtual_network.vnet_hub",
            "azurerm_virtual_network.vnet_spoke_app"
          ]
        }
      ]
    },
    {
      "mode": "managed",
      "type": "azurerm_role_assignment",
      "name": "role_identity_aks_network_contributor_subnet_apiserver",
      "provider": "provider[\"registry.terraform.io/hashicorp/azurerm\"]",
      "instances": [
        {
          "index_key": 0,
          "schema_version": 0,
          "attributes": {
            "condition": "",
            "condition_version": "",
            "delegated_managed_identity_resource_id": "",
            "description": "",
            "id": "/subscriptions/82f6d75e-85f4-434a-ab74-5dddd9fa8910/resourceGroups/rg-spoke-app/providers/Microsoft.Network/virtualNetworks/vnet-spoke-app/subnets/subnet-apiserver/providers/Microsoft.Authorization/roleAssignments/a99be3a8-650e-9b18-90b8-d6a02afc5b73",
            "name": "a99be3a8-650e-9b18-90b8-d6a02afc5b73",
            "principal_id": "987a88b1-1893-450a-9fdd-ec24ae71bed3",
            "principal_type": "ServicePrincipal",
            "role_definition_id": "/subscriptions/82f6d75e-85f4-434a-ab74-5dddd9fa8910/providers/Microsoft.Authorization/roleDefinitions/4d97b98b-1d4f-4787-a291-c67834d212e7",
            "role_definition_name": "Network Contributor",
            "scope": "/subscriptions/82f6d75e-85f4-434a-ab74-5dddd9fa8910/resourceGroups/rg-spoke-app/providers/Microsoft.Network/virtualNetworks/vnet-spoke-app/subnets/subnet-apiserver",
            "skip_service_principal_aad_check": true,
            "timeouts": null
          },
          "sensitive_attributes": [],
          "private": "eyJlMmJmYjczMC1lY2FhLTExZTYtOGY4OC0zNDM2M2JjN2M0YzAiOnsiY3JlYXRlIjoxODAwMDAwMDAwMDAwLCJkZWxldGUiOjE4MDAwMDAwMDAwMDAsInJlYWQiOjMwMDAwMDAwMDAwMCwidXBkYXRlIjoxODAwMDAwMDAwMDAwfX0=",
          "dependencies": [
            "azurerm_firewall.firewall",
            "azurerm_firewall_policy.firewall_policy",
            "azurerm_log_analytics_workspace.workspace",
            "azurerm_public_ip.public_ip_firewall",
            "azurerm_resource_group.rg_hub",
            "azurerm_resource_group.rg_spoke_aks",
            "azurerm_resource_group.rg_spoke_app",
            "azurerm_subnet.subnet_apiserver",
            "azurerm_subnet.subnet_firewall",
            "azurerm_user_assigned_identity.identity_aks",
            "azurerm_virtual_network.vnet_hub",
            "azurerm_virtual_network.vnet_spoke_app"
          ]
        }
      ]
    },
    {
      "mode": "managed",
      "type": "azurerm_role_assignment",
      "name": "role_identity_vm_linux_contributor",
      "provider": "provider[\"registry.terraform.io/hashicorp/azurerm\"]",
      "instances": [
        {
          "index_key": 0,
          "schema_version": 0,
          "attributes": {
            "condition": "",
            "condition_version": "",
            "delegated_managed_identity_resource_id": "",
            "description": "",
            "id": "/subscriptions/82f6d75e-85f4-434a-ab74-5dddd9fa8910/providers/Microsoft.Authorization/roleAssignments/f6c2000f-5b2c-4296-9463-a16ffce184ce",
            "name": "f6c2000f-5b2c-4296-9463-a16ffce184ce",
            "principal_id": "a9c1e363-dca2-4919-aa0d-1fd9af8a0b5b",
            "principal_type": "ServicePrincipal",
            "role_definition_id": "/subscriptions/82f6d75e-85f4-434a-ab74-5dddd9fa8910/providers/Microsoft.Authorization/roleDefinitions/b24988ac-6180-42a0-ab88-20f7382dd24c",
            "role_definition_name": "Contributor",
            "scope": "/subscriptions/82f6d75e-85f4-434a-ab74-5dddd9fa8910",
            "skip_service_principal_aad_check": true,
            "timeouts": null
          },
          "sensitive_attributes": [],
          "private": "eyJlMmJmYjczMC1lY2FhLTExZTYtOGY4OC0zNDM2M2JjN2M0YzAiOnsiY3JlYXRlIjoxODAwMDAwMDAwMDAwLCJkZWxldGUiOjE4MDAwMDAwMDAwMDAsInJlYWQiOjMwMDAwMDAwMDAwMCwidXBkYXRlIjoxODAwMDAwMDAwMDAwfX0=",
          "dependencies": [
            "azurerm_resource_group.rg_spoke_mgt",
            "azurerm_user_assigned_identity.identity_vm_linux",
            "data.azurerm_subscription.subscription_spoke"
          ]
        }
      ]
    },
    {
      "mode": "managed",
      "type": "azurerm_role_assignment",
      "name": "role_secret_officer",
      "provider": "provider[\"registry.terraform.io/hashicorp/azurerm\"]",
      "instances": [
        {
          "index_key": 0,
          "schema_version": 0,
          "attributes": {
            "condition": "",
            "condition_version": "",
            "delegated_managed_identity_resource_id": "",
            "description": "",
            "id": "/subscriptions/82f6d75e-85f4-434a-ab74-5dddd9fa8910/resourceGroups/rg-spoke-app/providers/Microsoft.KeyVault/vaults/kvforaks0113/providers/Microsoft.Authorization/roleAssignments/a08db603-c0e0-61e3-3375-e9f46ddd765d",
            "name": "a08db603-c0e0-61e3-3375-e9f46ddd765d",
            "principal_id": "99b281c9-823c-4633-af92-8ac556a19bee",
            "principal_type": "User",
            "role_definition_id": "/subscriptions/82f6d75e-85f4-434a-ab74-5dddd9fa8910/providers/Microsoft.Authorization/roleDefinitions/b86a8fe4-44ce-4948-aee5-eccb2c155cd7",
            "role_definition_name": "Key Vault Secrets Officer",
            "scope": "/subscriptions/82f6d75e-85f4-434a-ab74-5dddd9fa8910/resourceGroups/rg-spoke-app/providers/Microsoft.KeyVault/vaults/kvforaks0113",
            "skip_service_principal_aad_check": null,
            "timeouts": null
          },
          "sensitive_attributes": [],
          "private": "eyJlMmJmYjczMC1lY2FhLTExZTYtOGY4OC0zNDM2M2JjN2M0YzAiOnsiY3JlYXRlIjoxODAwMDAwMDAwMDAwLCJkZWxldGUiOjE4MDAwMDAwMDAwMDAsInJlYWQiOjMwMDAwMDAwMDAwMCwidXBkYXRlIjoxODAwMDAwMDAwMDAwfX0=",
          "dependencies": [
            "azurerm_key_vault.kv",
            "azurerm_resource_group.rg_spoke_app",
            "data.azurerm_client_config.current",
            "data.http.machine_ip"
          ]
        }
      ]
    },
    {
      "mode": "managed",
      "type": "azurerm_route_table",
      "name": "route_table_to_firewall",
      "provider": "provider[\"registry.terraform.io/hashicorp/azurerm\"]",
      "instances": [
        {
          "index_key": 0,
          "schema_version": 0,
          "attributes": {
            "disable_bgp_route_propagation": true,
            "id": "/subscriptions/82f6d75e-85f4-434a-ab74-5dddd9fa8910/resourceGroups/rg-spoke-mgt/providers/Microsoft.Network/routeTables/route_table_subnet_mgt",
            "location": "westeurope",
            "name": "route_table_subnet_mgt",
            "resource_group_name": "rg-spoke-mgt",
            "route": [
              {
                "address_prefix": "0.0.0.0/0",
                "name": "route_to_firewall",
                "next_hop_in_ip_address": "172.16.0.4",
                "next_hop_type": "VirtualAppliance"
              }
            ],
            "subnets": [
              "/subscriptions/82f6d75e-85f4-434a-ab74-5dddd9fa8910/resourceGroups/rg-spoke-app/providers/Microsoft.Network/virtualNetworks/vnet-spoke-app/subnets/subnet-nodes",
              "/subscriptions/82f6d75e-85f4-434a-ab74-5dddd9fa8910/resourceGroups/rg-spoke-app/providers/Microsoft.Network/virtualNetworks/vnet-spoke-app/subnets/subnet-pods",
              "/subscriptions/82f6d75e-85f4-434a-ab74-5dddd9fa8910/resourceGroups/rg-spoke-mgt/providers/Microsoft.Network/virtualNetworks/vnet-spoke-mgt/subnets/subnet-mgt",
              "/subscriptions/82f6d75e-85f4-434a-ab74-5dddd9fa8910/resourceGroups/rg-spoke3/providers/Microsoft.Network/virtualNetworks/vnet_spoke3/subnets/snet-vnet-integration"
            ],
            "tags": {},
            "timeouts": null
          },
          "sensitive_attributes": [],
          "private": "eyJlMmJmYjczMC1lY2FhLTExZTYtOGY4OC0zNDM2M2JjN2M0YzAiOnsiY3JlYXRlIjoxODAwMDAwMDAwMDAwLCJkZWxldGUiOjE4MDAwMDAwMDAwMDAsInJlYWQiOjMwMDAwMDAwMDAwMCwidXBkYXRlIjoxODAwMDAwMDAwMDAwfX0=",
          "dependencies": [
            "azurerm_firewall.firewall",
            "azurerm_firewall_policy.firewall_policy",
            "azurerm_log_analytics_workspace.workspace",
            "azurerm_public_ip.public_ip_firewall",
            "azurerm_resource_group.rg_hub",
            "azurerm_resource_group.rg_spoke_app",
            "azurerm_resource_group.rg_spoke_mgt",
            "azurerm_subnet.subnet_firewall",
            "azurerm_virtual_network.vnet_hub"
          ]
        }
      ]
    },
    {
      "mode": "managed",
      "type": "azurerm_service_plan",
      "name": "service_plan",
      "provider": "provider[\"registry.terraform.io/hashicorp/azurerm\"]",
      "instances": [
        {
          "index_key": 0,
          "schema_version": 0,
          "attributes": {
            "app_service_environment_id": "",
            "id": "/subscriptions/82f6d75e-85f4-434a-ab74-5dddd9fa8910/resourceGroups/rg-spoke3/providers/Microsoft.Web/serverfarms/service-plan",
            "kind": "linux",
            "location": "westeurope",
            "maximum_elastic_worker_count": 1,
            "name": "service-plan",
            "os_type": "Linux",
            "per_site_scaling_enabled": false,
            "reserved": true,
            "resource_group_name": "rg-spoke3",
            "sku_name": "P1v2",
            "tags": {},
            "timeouts": null,
            "worker_count": 1,
            "zone_balancing_enabled": false
          },
          "sensitive_attributes": [],
          "private": "eyJlMmJmYjczMC1lY2FhLTExZTYtOGY4OC0zNDM2M2JjN2M0YzAiOnsiY3JlYXRlIjozNjAwMDAwMDAwMDAwLCJkZWxldGUiOjM2MDAwMDAwMDAwMDAsInJlYWQiOjMwMDAwMDAwMDAwMCwidXBkYXRlIjozNjAwMDAwMDAwMDAwfX0=",
          "dependencies": [
            "azurerm_resource_group.rg_spoke3"
          ]
        }
      ]
    },
    {
      "mode": "managed",
      "type": "azurerm_storage_account",
      "name": "network_log_data",
      "provider": "provider[\"registry.terraform.io/hashicorp/azurerm\"]",
      "instances": [
        {
          "index_key": 0,
          "schema_version": 3,
          "attributes": {
            "access_tier": "Hot",
            "account_kind": "StorageV2",
            "account_replication_type": "LRS",
            "account_tier": "Standard",
            "allow_nested_items_to_be_public": true,
            "allowed_copy_scope": "",
            "azure_files_authentication": [],
            "blob_properties": [
              {
                "change_feed_enabled": false,
                "change_feed_retention_in_days": 0,
                "container_delete_retention_policy": [],
                "cors_rule": [],
                "default_service_version": "",
                "delete_retention_policy": [],
                "last_access_time_enabled": false,
                "restore_policy": [],
                "versioning_enabled": false
              }
            ],
            "cross_tenant_replication_enabled": true,
            "custom_domain": [],
            "customer_managed_key": [],
            "default_to_oauth_authentication": false,
            "edge_zone": "",
            "enable_https_traffic_only": true,
            "id": "/subscriptions/82f6d75e-85f4-434a-ab74-5dddd9fa8910/resourceGroups/rg_log_flow/providers/Microsoft.Storage/storageAccounts/storageforlogs011",
            "identity": [],
            "immutability_policy": [],
            "infrastructure_encryption_enabled": false,
            "is_hns_enabled": false,
            "large_file_share_enabled": null,
            "location": "westeurope",
            "min_tls_version": "TLS1_2",
            "name": "storageforlogs011",
            "network_rules": [
              {
                "bypass": [
                  "AzureServices"
                ],
                "default_action": "Allow",
                "ip_rules": [],
                "private_link_access": [],
                "virtual_network_subnet_ids": []
              }
            ],
            "nfsv3_enabled": false,
            "primary_access_key": "rD89rMS6COSjv/+3fHv5kfrEmjgGlCNUnoECib83rjJdQ2MwxzJjbs1QoLOMHqdpfKAf/ZRWJx9w+ASttBfPyA==",
            "primary_blob_connection_string": "DefaultEndpointsProtocol=https;BlobEndpoint=https://storageforlogs011.blob.core.windows.net/;AccountName=storageforlogs011;AccountKey=rD89rMS6COSjv/+3fHv5kfrEmjgGlCNUnoECib83rjJdQ2MwxzJjbs1QoLOMHqdpfKAf/ZRWJx9w+ASttBfPyA==",
            "primary_blob_endpoint": "https://storageforlogs011.blob.core.windows.net/",
            "primary_blob_host": "storageforlogs011.blob.core.windows.net",
            "primary_connection_string": "DefaultEndpointsProtocol=https;AccountName=storageforlogs011;AccountKey=rD89rMS6COSjv/+3fHv5kfrEmjgGlCNUnoECib83rjJdQ2MwxzJjbs1QoLOMHqdpfKAf/ZRWJx9w+ASttBfPyA==;EndpointSuffix=core.windows.net",
            "primary_dfs_endpoint": "https://storageforlogs011.dfs.core.windows.net/",
            "primary_dfs_host": "storageforlogs011.dfs.core.windows.net",
            "primary_file_endpoint": "https://storageforlogs011.file.core.windows.net/",
            "primary_file_host": "storageforlogs011.file.core.windows.net",
            "primary_location": "westeurope",
            "primary_queue_endpoint": "https://storageforlogs011.queue.core.windows.net/",
            "primary_queue_host": "storageforlogs011.queue.core.windows.net",
            "primary_table_endpoint": "https://storageforlogs011.table.core.windows.net/",
            "primary_table_host": "storageforlogs011.table.core.windows.net",
            "primary_web_endpoint": "https://storageforlogs011.z6.web.core.windows.net/",
            "primary_web_host": "storageforlogs011.z6.web.core.windows.net",
            "public_network_access_enabled": true,
            "queue_encryption_key_type": "Service",
            "queue_properties": [
              {
                "cors_rule": [],
                "hour_metrics": [
                  {
                    "enabled": true,
                    "include_apis": true,
                    "retention_policy_days": 7,
                    "version": "1.0"
                  }
                ],
                "logging": [
                  {
                    "delete": false,
                    "read": false,
                    "retention_policy_days": 0,
                    "version": "1.0",
                    "write": false
                  }
                ],
                "minute_metrics": [
                  {
                    "enabled": false,
                    "include_apis": false,
                    "retention_policy_days": 0,
                    "version": "1.0"
                  }
                ]
              }
            ],
            "resource_group_name": "rg_log_flow",
            "routing": [],
            "sas_policy": [],
            "secondary_access_key": "/9AKtLMrhdwrYJWtEyMSoI8RKv8vcDusOrpB+SIuhyHICiBNWqw/FLp4WZeEINcC2wC1zHbSv6Xl+AStG/5I8g==",
            "secondary_blob_connection_string": "",
            "secondary_blob_endpoint": null,
            "secondary_blob_host": null,
            "secondary_connection_string": "DefaultEndpointsProtocol=https;AccountName=storageforlogs011;AccountKey=/9AKtLMrhdwrYJWtEyMSoI8RKv8vcDusOrpB+SIuhyHICiBNWqw/FLp4WZeEINcC2wC1zHbSv6Xl+AStG/5I8g==;EndpointSuffix=core.windows.net",
            "secondary_dfs_endpoint": null,
            "secondary_dfs_host": null,
            "secondary_file_endpoint": null,
            "secondary_file_host": null,
            "secondary_location": "",
            "secondary_queue_endpoint": null,
            "secondary_queue_host": null,
            "secondary_table_endpoint": null,
            "secondary_table_host": null,
            "secondary_web_endpoint": null,
            "secondary_web_host": null,
            "sftp_enabled": false,
            "share_properties": [
              {
                "cors_rule": [],
                "retention_policy": [
                  {
                    "days": 7
                  }
                ],
                "smb": []
              }
            ],
            "shared_access_key_enabled": true,
            "static_website": [],
            "table_encryption_key_type": "Service",
            "tags": {},
            "timeouts": null
          },
          "sensitive_attributes": [],
          "private": "eyJlMmJmYjczMC1lY2FhLTExZTYtOGY4OC0zNDM2M2JjN2M0YzAiOnsiY3JlYXRlIjozNjAwMDAwMDAwMDAwLCJkZWxldGUiOjM2MDAwMDAwMDAwMDAsInJlYWQiOjMwMDAwMDAwMDAwMCwidXBkYXRlIjozNjAwMDAwMDAwMDAwfSwic2NoZW1hX3ZlcnNpb24iOiIzIn0=",
          "dependencies": [
            "azurerm_resource_group.rg_log_flow"
          ]
        }
      ]
    },
    {
      "mode": "managed",
      "type": "azurerm_storage_account",
      "name": "storage",
      "provider": "provider[\"registry.terraform.io/hashicorp/azurerm\"]",
      "instances": [
        {
          "index_key": 0,
          "schema_version": 3,
          "attributes": {
            "access_tier": "Hot",
            "account_kind": "StorageV2",
            "account_replication_type": "LRS",
            "account_tier": "Standard",
            "allow_nested_items_to_be_public": true,
            "allowed_copy_scope": "",
            "azure_files_authentication": [],
            "blob_properties": [
              {
                "change_feed_enabled": false,
                "change_feed_retention_in_days": 0,
                "container_delete_retention_policy": [],
                "cors_rule": [],
                "default_service_version": "",
                "delete_retention_policy": [],
                "last_access_time_enabled": false,
                "restore_policy": [],
                "versioning_enabled": false
              }
            ],
            "cross_tenant_replication_enabled": true,
            "custom_domain": [],
            "customer_managed_key": [],
            "default_to_oauth_authentication": false,
            "edge_zone": "",
            "enable_https_traffic_only": true,
            "id": "/subscriptions/82f6d75e-85f4-434a-ab74-5dddd9fa8910/resourceGroups/rg-spoke-app/providers/Microsoft.Storage/storageAccounts/storageforaks011",
            "identity": [],
            "immutability_policy": [],
            "infrastructure_encryption_enabled": false,
            "is_hns_enabled": false,
            "large_file_share_enabled": null,
            "location": "westeurope",
            "min_tls_version": "TLS1_2",
            "name": "storageforaks011",
            "network_rules": [
              {
                "bypass": [
                  "AzureServices",
                  "Logging",
                  "Metrics"
                ],
                "default_action": "Deny",
                "ip_rules": [
                  "176.177.25.47"
                ],
                "private_link_access": [],
                "virtual_network_subnet_ids": []
              }
            ],
            "nfsv3_enabled": false,
            "primary_access_key": "t2q1OP39aSS9/5t/CPNGko/WyoYgK7wSQh7xJ1RPuiawoNCDDx9p5ycBpCjLf/t4p39+jLwoi0zh+ASthYdpXw==",
            "primary_blob_connection_string": "DefaultEndpointsProtocol=https;BlobEndpoint=https://storageforaks011.blob.core.windows.net/;AccountName=storageforaks011;AccountKey=t2q1OP39aSS9/5t/CPNGko/WyoYgK7wSQh7xJ1RPuiawoNCDDx9p5ycBpCjLf/t4p39+jLwoi0zh+ASthYdpXw==",
            "primary_blob_endpoint": "https://storageforaks011.blob.core.windows.net/",
            "primary_blob_host": "storageforaks011.blob.core.windows.net",
            "primary_connection_string": "DefaultEndpointsProtocol=https;AccountName=storageforaks011;AccountKey=t2q1OP39aSS9/5t/CPNGko/WyoYgK7wSQh7xJ1RPuiawoNCDDx9p5ycBpCjLf/t4p39+jLwoi0zh+ASthYdpXw==;EndpointSuffix=core.windows.net",
            "primary_dfs_endpoint": "https://storageforaks011.dfs.core.windows.net/",
            "primary_dfs_host": "storageforaks011.dfs.core.windows.net",
            "primary_file_endpoint": "https://storageforaks011.file.core.windows.net/",
            "primary_file_host": "storageforaks011.file.core.windows.net",
            "primary_location": "westeurope",
            "primary_queue_endpoint": "https://storageforaks011.queue.core.windows.net/",
            "primary_queue_host": "storageforaks011.queue.core.windows.net",
            "primary_table_endpoint": "https://storageforaks011.table.core.windows.net/",
            "primary_table_host": "storageforaks011.table.core.windows.net",
            "primary_web_endpoint": "https://storageforaks011.z6.web.core.windows.net/",
            "primary_web_host": "storageforaks011.z6.web.core.windows.net",
            "public_network_access_enabled": true,
            "queue_encryption_key_type": "Service",
            "queue_properties": [
              {
                "cors_rule": [],
                "hour_metrics": [
                  {
                    "enabled": true,
                    "include_apis": true,
                    "retention_policy_days": 7,
                    "version": "1.0"
                  }
                ],
                "logging": [
                  {
                    "delete": false,
                    "read": false,
                    "retention_policy_days": 0,
                    "version": "1.0",
                    "write": false
                  }
                ],
                "minute_metrics": [
                  {
                    "enabled": false,
                    "include_apis": false,
                    "retention_policy_days": 0,
                    "version": "1.0"
                  }
                ]
              }
            ],
            "resource_group_name": "rg-spoke-app",
            "routing": [],
            "sas_policy": [],
            "secondary_access_key": "K6j6Mcwm2gRgQ+qtejDCZkuNDd//XQGv+r26wdUeEr6Hc73Hy71iMBf9afkAv7oZLg7H/aHcb9Vl+AStUApfgw==",
            "secondary_blob_connection_string": "",
            "secondary_blob_endpoint": null,
            "secondary_blob_host": null,
            "secondary_connection_string": "DefaultEndpointsProtocol=https;AccountName=storageforaks011;AccountKey=K6j6Mcwm2gRgQ+qtejDCZkuNDd//XQGv+r26wdUeEr6Hc73Hy71iMBf9afkAv7oZLg7H/aHcb9Vl+AStUApfgw==;EndpointSuffix=core.windows.net",
            "secondary_dfs_endpoint": null,
            "secondary_dfs_host": null,
            "secondary_file_endpoint": null,
            "secondary_file_host": null,
            "secondary_location": "",
            "secondary_queue_endpoint": null,
            "secondary_queue_host": null,
            "secondary_table_endpoint": null,
            "secondary_table_host": null,
            "secondary_web_endpoint": null,
            "secondary_web_host": null,
            "sftp_enabled": false,
            "share_properties": [
              {
                "cors_rule": [],
                "retention_policy": [
                  {
                    "days": 7
                  }
                ],
                "smb": []
              }
            ],
            "shared_access_key_enabled": true,
            "static_website": [],
            "table_encryption_key_type": "Service",
            "tags": {},
            "timeouts": null
          },
          "sensitive_attributes": [],
          "private": "eyJlMmJmYjczMC1lY2FhLTExZTYtOGY4OC0zNDM2M2JjN2M0YzAiOnsiY3JlYXRlIjozNjAwMDAwMDAwMDAwLCJkZWxldGUiOjM2MDAwMDAwMDAwMDAsInJlYWQiOjMwMDAwMDAwMDAwMCwidXBkYXRlIjozNjAwMDAwMDAwMDAwfSwic2NoZW1hX3ZlcnNpb24iOiIzIn0=",
          "dependencies": [
            "azurerm_resource_group.rg_spoke_app"
          ]
        }
      ]
    },
    {
      "mode": "managed",
      "type": "azurerm_storage_account_network_rules",
      "name": "rules_storage",
      "provider": "provider[\"registry.terraform.io/hashicorp/azurerm\"]",
      "instances": [
        {
          "index_key": 0,
          "schema_version": 0,
          "attributes": {
            "bypass": [
              "AzureServices",
              "Logging",
              "Metrics"
            ],
            "default_action": "Deny",
            "id": "/subscriptions/82f6d75e-85f4-434a-ab74-5dddd9fa8910/resourceGroups/rg-spoke-app/providers/Microsoft.Storage/storageAccounts/storageforaks011",
            "ip_rules": [
              "176.177.25.47"
            ],
            "private_link_access": [],
            "storage_account_id": "/subscriptions/82f6d75e-85f4-434a-ab74-5dddd9fa8910/resourceGroups/rg-spoke-app/providers/Microsoft.Storage/storageAccounts/storageforaks011",
            "timeouts": null,
            "virtual_network_subnet_ids": []
          },
          "sensitive_attributes": [],
          "private": "eyJlMmJmYjczMC1lY2FhLTExZTYtOGY4OC0zNDM2M2JjN2M0YzAiOnsiY3JlYXRlIjozNjAwMDAwMDAwMDAwLCJkZWxldGUiOjM2MDAwMDAwMDAwMDAsInJlYWQiOjMwMDAwMDAwMDAwMCwidXBkYXRlIjozNjAwMDAwMDAwMDAwfX0=",
          "dependencies": [
            "azurerm_resource_group.rg_spoke_app",
            "azurerm_storage_account.storage",
            "data.http.machine_ip"
          ]
        }
      ]
    },
    {
      "mode": "managed",
      "type": "azurerm_storage_blob",
      "name": "blob",
      "provider": "provider[\"registry.terraform.io/hashicorp/azurerm\"]",
      "instances": [
        {
          "index_key": 0,
          "schema_version": 1,
          "attributes": {
            "access_tier": "Hot",
            "cache_control": "",
            "content_md5": "",
            "content_type": "application/octet-stream",
            "id": "https://storageforaks011.blob.core.windows.net/my-files/aks.tf",
            "metadata": {},
            "name": "aks.tf",
            "parallelism": 8,
            "size": 0,
            "source": "aks.tf",
            "source_content": null,
            "source_uri": null,
            "storage_account_name": "storageforaks011",
            "storage_container_name": "my-files",
            "timeouts": null,
            "type": "Block",
            "url": "https://storageforaks011.blob.core.windows.net/my-files/aks.tf"
          },
          "sensitive_attributes": [],
          "private": "eyJlMmJmYjczMC1lY2FhLTExZTYtOGY4OC0zNDM2M2JjN2M0YzAiOnsiY3JlYXRlIjoxODAwMDAwMDAwMDAwLCJkZWxldGUiOjE4MDAwMDAwMDAwMDAsInJlYWQiOjMwMDAwMDAwMDAwMCwidXBkYXRlIjoxODAwMDAwMDAwMDAwfSwic2NoZW1hX3ZlcnNpb24iOiIxIn0=",
          "dependencies": [
            "azurerm_resource_group.rg_spoke_app",
            "azurerm_storage_account.storage",
            "azurerm_storage_container.container"
          ]
        }
      ]
    },
    {
      "mode": "managed",
      "type": "azurerm_storage_container",
      "name": "container",
      "provider": "provider[\"registry.terraform.io/hashicorp/azurerm\"]",
      "instances": [
        {
          "index_key": 0,
          "schema_version": 1,
          "attributes": {
            "container_access_type": "container",
            "has_immutability_policy": false,
            "has_legal_hold": false,
            "id": "https://storageforaks011.blob.core.windows.net/my-files",
            "metadata": {},
            "name": "my-files",
            "resource_manager_id": "/subscriptions/82f6d75e-85f4-434a-ab74-5dddd9fa8910/resourceGroups/rg-spoke-app/providers/Microsoft.Storage/storageAccounts/storageforaks011/blobServices/default/containers/my-files",
            "storage_account_name": "storageforaks011",
            "timeouts": null
          },
          "sensitive_attributes": [],
          "private": "eyJlMmJmYjczMC1lY2FhLTExZTYtOGY4OC0zNDM2M2JjN2M0YzAiOnsiY3JlYXRlIjoxODAwMDAwMDAwMDAwLCJkZWxldGUiOjE4MDAwMDAwMDAwMDAsInJlYWQiOjMwMDAwMDAwMDAwMCwidXBkYXRlIjoxODAwMDAwMDAwMDAwfSwic2NoZW1hX3ZlcnNpb24iOiIxIn0=",
          "dependencies": [
            "azurerm_resource_group.rg_spoke_app",
            "azurerm_storage_account.storage"
          ]
        }
      ]
    },
    {
      "mode": "managed",
      "type": "azurerm_subnet",
      "name": "snet_pe",
      "provider": "provider[\"registry.terraform.io/hashicorp/azurerm\"]",
      "instances": [
        {
          "index_key": 0,
          "schema_version": 0,
          "attributes": {
            "address_prefixes": [
              "10.3.2.0/24"
            ],
            "delegation": [],
            "enforce_private_link_endpoint_network_policies": false,
            "enforce_private_link_service_network_policies": false,
            "id": "/subscriptions/82f6d75e-85f4-434a-ab74-5dddd9fa8910/resourceGroups/rg-spoke3/providers/Microsoft.Network/virtualNetworks/vnet_spoke3/subnets/snet-private-endpoint",
            "name": "snet-private-endpoint",
            "private_endpoint_network_policies_enabled": true,
            "private_link_service_network_policies_enabled": true,
            "resource_group_name": "rg-spoke3",
            "service_endpoint_policy_ids": [],
            "service_endpoints": [],
            "timeouts": null,
            "virtual_network_name": "vnet_spoke3"
          },
          "sensitive_attributes": [],
          "private": "eyJlMmJmYjczMC1lY2FhLTExZTYtOGY4OC0zNDM2M2JjN2M0YzAiOnsiY3JlYXRlIjoxODAwMDAwMDAwMDAwLCJkZWxldGUiOjE4MDAwMDAwMDAwMDAsInJlYWQiOjMwMDAwMDAwMDAwMCwidXBkYXRlIjoxODAwMDAwMDAwMDAwfX0=",
          "dependencies": [
            "azurerm_firewall.firewall",
            "azurerm_firewall_policy.firewall_policy",
            "azurerm_log_analytics_workspace.workspace",
            "azurerm_public_ip.public_ip_firewall",
            "azurerm_resource_group.rg_hub",
            "azurerm_resource_group.rg_spoke3",
            "azurerm_resource_group.rg_spoke_app",
            "azurerm_subnet.subnet_firewall",
            "azurerm_virtual_network.vnet_hub",
            "azurerm_virtual_network.vnet_spoke3"
          ]
        }
      ]
    },
    {
      "mode": "managed",
      "type": "azurerm_subnet",
      "name": "snet_vnet_integration",
      "provider": "provider[\"registry.terraform.io/hashicorp/azurerm\"]",
      "instances": [
        {
          "index_key": 0,
          "schema_version": 0,
          "attributes": {
            "address_prefixes": [
              "10.3.1.0/24"
            ],
            "delegation": [
              {
                "name": "delegation",
                "service_delegation": [
                  {
                    "actions": [
                      "Microsoft.Network/virtualNetworks/subnets/action"
                    ],
                    "name": "Microsoft.Web/serverFarms"
                  }
                ]
              }
            ],
            "enforce_private_link_endpoint_network_policies": false,
            "enforce_private_link_service_network_policies": false,
            "id": "/subscriptions/82f6d75e-85f4-434a-ab74-5dddd9fa8910/resourceGroups/rg-spoke3/providers/Microsoft.Network/virtualNetworks/vnet_spoke3/subnets/snet-vnet-integration",
            "name": "snet-vnet-integration",
            "private_endpoint_network_policies_enabled": true,
            "private_link_service_network_policies_enabled": true,
            "resource_group_name": "rg-spoke3",
            "service_endpoint_policy_ids": [],
            "service_endpoints": [],
            "timeouts": null,
            "virtual_network_name": "vnet_spoke3"
          },
          "sensitive_attributes": [],
          "private": "eyJlMmJmYjczMC1lY2FhLTExZTYtOGY4OC0zNDM2M2JjN2M0YzAiOnsiY3JlYXRlIjoxODAwMDAwMDAwMDAwLCJkZWxldGUiOjE4MDAwMDAwMDAwMDAsInJlYWQiOjMwMDAwMDAwMDAwMCwidXBkYXRlIjoxODAwMDAwMDAwMDAwfX0=",
          "dependencies": [
            "azurerm_firewall.firewall",
            "azurerm_firewall_policy.firewall_policy",
            "azurerm_log_analytics_workspace.workspace",
            "azurerm_public_ip.public_ip_firewall",
            "azurerm_resource_group.rg_hub",
            "azurerm_resource_group.rg_spoke3",
            "azurerm_resource_group.rg_spoke_app",
            "azurerm_subnet.subnet_firewall",
            "azurerm_virtual_network.vnet_hub",
            "azurerm_virtual_network.vnet_spoke3"
          ]
        }
      ]
    },
    {
      "mode": "managed",
      "type": "azurerm_subnet",
      "name": "subnet_apiserver",
      "provider": "provider[\"registry.terraform.io/hashicorp/azurerm\"]",
      "instances": [
        {
          "index_key": 0,
          "schema_version": 0,
          "attributes": {
            "address_prefixes": [
              "10.1.4.0/28"
            ],
            "delegation": [
              {
                "name": "aks-delegation",
                "service_delegation": [
                  {
                    "actions": [
                      "Microsoft.Network/virtualNetworks/subnets/join/action"
                    ],
                    "name": "Microsoft.ContainerService/managedClusters"
                  }
                ]
              }
            ],
            "enforce_private_link_endpoint_network_policies": false,
            "enforce_private_link_service_network_policies": false,
            "id": "/subscriptions/82f6d75e-85f4-434a-ab74-5dddd9fa8910/resourceGroups/rg-spoke-app/providers/Microsoft.Network/virtualNetworks/vnet-spoke-app/subnets/subnet-apiserver",
            "name": "subnet-apiserver",
            "private_endpoint_network_policies_enabled": true,
            "private_link_service_network_policies_enabled": true,
            "resource_group_name": "rg-spoke-app",
            "service_endpoint_policy_ids": [],
            "service_endpoints": [],
            "timeouts": null,
            "virtual_network_name": "vnet-spoke-app"
          },
          "sensitive_attributes": [],
          "private": "eyJlMmJmYjczMC1lY2FhLTExZTYtOGY4OC0zNDM2M2JjN2M0YzAiOnsiY3JlYXRlIjoxODAwMDAwMDAwMDAwLCJkZWxldGUiOjE4MDAwMDAwMDAwMDAsInJlYWQiOjMwMDAwMDAwMDAwMCwidXBkYXRlIjoxODAwMDAwMDAwMDAwfX0=",
          "dependencies": [
            "azurerm_firewall.firewall",
            "azurerm_firewall_policy.firewall_policy",
            "azurerm_log_analytics_workspace.workspace",
            "azurerm_public_ip.public_ip_firewall",
            "azurerm_resource_group.rg_hub",
            "azurerm_resource_group.rg_spoke_app",
            "azurerm_subnet.subnet_firewall",
            "azurerm_virtual_network.vnet_hub",
            "azurerm_virtual_network.vnet_spoke_app"
          ]
        }
      ]
    },
    {
      "mode": "managed",
      "type": "azurerm_subnet",
      "name": "subnet_bastion",
      "provider": "provider[\"registry.terraform.io/hashicorp/azurerm\"]",
      "instances": [
        {
          "index_key": 0,
          "schema_version": 0,
          "attributes": {
            "address_prefixes": [
              "172.16.1.0/27"
            ],
            "delegation": [],
            "enforce_private_link_endpoint_network_policies": false,
            "enforce_private_link_service_network_policies": false,
            "id": "/subscriptions/82f6d75e-85f4-434a-ab74-5dddd9fa8910/resourceGroups/rg-hub/providers/Microsoft.Network/virtualNetworks/vnet-hub/subnets/AzureBastionSubnet",
            "name": "AzureBastionSubnet",
            "private_endpoint_network_policies_enabled": true,
            "private_link_service_network_policies_enabled": true,
            "resource_group_name": "rg-hub",
            "service_endpoint_policy_ids": [],
            "service_endpoints": [],
            "timeouts": null,
            "virtual_network_name": "vnet-hub"
          },
          "sensitive_attributes": [],
          "private": "eyJlMmJmYjczMC1lY2FhLTExZTYtOGY4OC0zNDM2M2JjN2M0YzAiOnsiY3JlYXRlIjoxODAwMDAwMDAwMDAwLCJkZWxldGUiOjE4MDAwMDAwMDAwMDAsInJlYWQiOjMwMDAwMDAwMDAwMCwidXBkYXRlIjoxODAwMDAwMDAwMDAwfX0=",
          "dependencies": [
            "azurerm_resource_group.rg_hub",
            "azurerm_virtual_network.vnet_hub"
          ]
        }
      ]
    },
    {
      "mode": "managed",
      "type": "azurerm_subnet",
      "name": "subnet_firewall",
      "provider": "provider[\"registry.terraform.io/hashicorp/azurerm\"].subscription_hub",
      "instances": [
        {
          "index_key": 0,
          "schema_version": 0,
          "attributes": {
            "address_prefixes": [
              "172.16.0.0/26"
            ],
            "delegation": [],
            "enforce_private_link_endpoint_network_policies": true,
            "enforce_private_link_service_network_policies": false,
            "id": "/subscriptions/82f6d75e-85f4-434a-ab74-5dddd9fa8910/resourceGroups/rg-hub/providers/Microsoft.Network/virtualNetworks/vnet-hub/subnets/AzureFirewallSubnet",
            "name": "AzureFirewallSubnet",
            "private_endpoint_network_policies_enabled": false,
            "private_link_service_network_policies_enabled": true,
            "resource_group_name": "rg-hub",
            "service_endpoint_policy_ids": [],
            "service_endpoints": [],
            "timeouts": null,
            "virtual_network_name": "vnet-hub"
          },
          "sensitive_attributes": [],
          "private": "eyJlMmJmYjczMC1lY2FhLTExZTYtOGY4OC0zNDM2M2JjN2M0YzAiOnsiY3JlYXRlIjoxODAwMDAwMDAwMDAwLCJkZWxldGUiOjE4MDAwMDAwMDAwMDAsInJlYWQiOjMwMDAwMDAwMDAwMCwidXBkYXRlIjoxODAwMDAwMDAwMDAwfX0=",
          "dependencies": [
            "azurerm_resource_group.rg_hub",
            "azurerm_virtual_network.vnet_hub"
          ],
          "create_before_destroy": true
        }
      ]
    },
    {
      "mode": "managed",
      "type": "azurerm_subnet",
      "name": "subnet_mgt",
      "provider": "provider[\"registry.terraform.io/hashicorp/azurerm\"]",
      "instances": [
        {
          "index_key": 0,
          "schema_version": 0,
          "attributes": {
            "address_prefixes": [
              "10.2.0.0/24"
            ],
            "delegation": [],
            "enforce_private_link_endpoint_network_policies": false,
            "enforce_private_link_service_network_policies": false,
            "id": "/subscriptions/82f6d75e-85f4-434a-ab74-5dddd9fa8910/resourceGroups/rg-spoke-mgt/providers/Microsoft.Network/virtualNetworks/vnet-spoke-mgt/subnets/subnet-mgt",
            "name": "subnet-mgt",
            "private_endpoint_network_policies_enabled": true,
            "private_link_service_network_policies_enabled": true,
            "resource_group_name": "rg-spoke-mgt",
            "service_endpoint_policy_ids": [],
            "service_endpoints": [],
            "timeouts": null,
            "virtual_network_name": "vnet-spoke-mgt"
          },
          "sensitive_attributes": [],
          "private": "eyJlMmJmYjczMC1lY2FhLTExZTYtOGY4OC0zNDM2M2JjN2M0YzAiOnsiY3JlYXRlIjoxODAwMDAwMDAwMDAwLCJkZWxldGUiOjE4MDAwMDAwMDAwMDAsInJlYWQiOjMwMDAwMDAwMDAwMCwidXBkYXRlIjoxODAwMDAwMDAwMDAwfX0=",
          "dependencies": [
            "azurerm_firewall.firewall",
            "azurerm_firewall_policy.firewall_policy",
            "azurerm_log_analytics_workspace.workspace",
            "azurerm_public_ip.public_ip_firewall",
            "azurerm_resource_group.rg_hub",
            "azurerm_resource_group.rg_spoke_app",
            "azurerm_resource_group.rg_spoke_mgt",
            "azurerm_subnet.subnet_firewall",
            "azurerm_virtual_network.vnet_hub",
            "azurerm_virtual_network.vnet_spoke_mgt"
          ]
        }
      ]
    },
    {
      "mode": "managed",
      "type": "azurerm_subnet",
      "name": "subnet_nodes",
      "provider": "provider[\"registry.terraform.io/hashicorp/azurerm\"]",
      "instances": [
        {
          "schema_version": 0,
          "attributes": {
            "address_prefixes": [
              "10.1.3.0/24"
            ],
            "delegation": [],
            "enforce_private_link_endpoint_network_policies": false,
            "enforce_private_link_service_network_policies": false,
            "id": "/subscriptions/82f6d75e-85f4-434a-ab74-5dddd9fa8910/resourceGroups/rg-spoke-app/providers/Microsoft.Network/virtualNetworks/vnet-spoke-app/subnets/subnet-nodes",
            "name": "subnet-nodes",
            "private_endpoint_network_policies_enabled": true,
            "private_link_service_network_policies_enabled": true,
            "resource_group_name": "rg-spoke-app",
            "service_endpoint_policy_ids": [],
            "service_endpoints": [],
            "timeouts": null,
            "virtual_network_name": "vnet-spoke-app"
          },
          "sensitive_attributes": [],
          "private": "eyJlMmJmYjczMC1lY2FhLTExZTYtOGY4OC0zNDM2M2JjN2M0YzAiOnsiY3JlYXRlIjoxODAwMDAwMDAwMDAwLCJkZWxldGUiOjE4MDAwMDAwMDAwMDAsInJlYWQiOjMwMDAwMDAwMDAwMCwidXBkYXRlIjoxODAwMDAwMDAwMDAwfX0=",
          "dependencies": [
            "azurerm_firewall.firewall",
            "azurerm_firewall_policy.firewall_policy",
            "azurerm_log_analytics_workspace.workspace",
            "azurerm_public_ip.public_ip_firewall",
            "azurerm_resource_group.rg_hub",
            "azurerm_resource_group.rg_spoke_app",
            "azurerm_subnet.subnet_firewall",
            "azurerm_virtual_network.vnet_hub",
            "azurerm_virtual_network.vnet_spoke_app"
          ]
        }
      ]
    },
    {
      "mode": "managed",
      "type": "azurerm_subnet",
      "name": "subnet_pe",
      "provider": "provider[\"registry.terraform.io/hashicorp/azurerm\"]",
      "instances": [
        {
          "index_key": 0,
          "schema_version": 0,
          "attributes": {
            "address_prefixes": [
              "10.1.2.0/28"
            ],
            "delegation": [],
            "enforce_private_link_endpoint_network_policies": false,
            "enforce_private_link_service_network_policies": false,
            "id": "/subscriptions/82f6d75e-85f4-434a-ab74-5dddd9fa8910/resourceGroups/rg-spoke-app/providers/Microsoft.Network/virtualNetworks/vnet-spoke-app/subnets/subnet-pe",
            "name": "subnet-pe",
            "private_endpoint_network_policies_enabled": true,
            "private_link_service_network_policies_enabled": true,
            "resource_group_name": "rg-spoke-app",
            "service_endpoint_policy_ids": [],
            "service_endpoints": [],
            "timeouts": null,
            "virtual_network_name": "vnet-spoke-app"
          },
          "sensitive_attributes": [],
          "private": "eyJlMmJmYjczMC1lY2FhLTExZTYtOGY4OC0zNDM2M2JjN2M0YzAiOnsiY3JlYXRlIjoxODAwMDAwMDAwMDAwLCJkZWxldGUiOjE4MDAwMDAwMDAwMDAsInJlYWQiOjMwMDAwMDAwMDAwMCwidXBkYXRlIjoxODAwMDAwMDAwMDAwfX0=",
          "dependencies": [
            "azurerm_firewall.firewall",
            "azurerm_firewall_policy.firewall_policy",
            "azurerm_log_analytics_workspace.workspace",
            "azurerm_public_ip.public_ip_firewall",
            "azurerm_resource_group.rg_hub",
            "azurerm_resource_group.rg_spoke_app",
            "azurerm_subnet.subnet_firewall",
            "azurerm_virtual_network.vnet_hub",
            "azurerm_virtual_network.vnet_spoke_app"
          ]
        }
      ]
    },
    {
      "mode": "managed",
      "type": "azurerm_subnet",
      "name": "subnet_pods",
      "provider": "provider[\"registry.terraform.io/hashicorp/azurerm\"]",
      "instances": [
        {
          "schema_version": 0,
          "attributes": {
            "address_prefixes": [
              "10.1.240.0/20"
            ],
            "delegation": [
              {
                "name": "aks-delegation",
                "service_delegation": [
                  {
                    "actions": [
                      "Microsoft.Network/virtualNetworks/subnets/join/action"
                    ],
                    "name": "Microsoft.ContainerService/managedClusters"
                  }
                ]
              }
            ],
            "enforce_private_link_endpoint_network_policies": false,
            "enforce_private_link_service_network_policies": false,
            "id": "/subscriptions/82f6d75e-85f4-434a-ab74-5dddd9fa8910/resourceGroups/rg-spoke-app/providers/Microsoft.Network/virtualNetworks/vnet-spoke-app/subnets/subnet-pods",
            "name": "subnet-pods",
            "private_endpoint_network_policies_enabled": true,
            "private_link_service_network_policies_enabled": true,
            "resource_group_name": "rg-spoke-app",
            "service_endpoint_policy_ids": [],
            "service_endpoints": [],
            "timeouts": null,
            "virtual_network_name": "vnet-spoke-app"
          },
          "sensitive_attributes": [],
          "private": "eyJlMmJmYjczMC1lY2FhLTExZTYtOGY4OC0zNDM2M2JjN2M0YzAiOnsiY3JlYXRlIjoxODAwMDAwMDAwMDAwLCJkZWxldGUiOjE4MDAwMDAwMDAwMDAsInJlYWQiOjMwMDAwMDAwMDAwMCwidXBkYXRlIjoxODAwMDAwMDAwMDAwfX0=",
          "dependencies": [
            "azurerm_firewall.firewall",
            "azurerm_firewall_policy.firewall_policy",
            "azurerm_log_analytics_workspace.workspace",
            "azurerm_public_ip.public_ip_firewall",
            "azurerm_resource_group.rg_hub",
            "azurerm_resource_group.rg_spoke_app",
            "azurerm_subnet.subnet_firewall",
            "azurerm_virtual_network.vnet_hub",
            "azurerm_virtual_network.vnet_spoke_app"
          ]
        }
      ]
    },
    {
      "mode": "managed",
      "type": "azurerm_subnet_network_security_group_association",
      "name": "association_nsg_subnet_mgt",
      "provider": "provider[\"registry.terraform.io/hashicorp/azurerm\"]",
      "instances": [
        {
          "index_key": 0,
          "schema_version": 0,
          "attributes": {
            "id": "/subscriptions/82f6d75e-85f4-434a-ab74-5dddd9fa8910/resourceGroups/rg-spoke-mgt/providers/Microsoft.Network/virtualNetworks/vnet-spoke-mgt/subnets/subnet-mgt",
            "network_security_group_id": "/subscriptions/82f6d75e-85f4-434a-ab74-5dddd9fa8910/resourceGroups/rg-spoke-mgt/providers/Microsoft.Network/networkSecurityGroups/nsg_subnet_mgt",
            "subnet_id": "/subscriptions/82f6d75e-85f4-434a-ab74-5dddd9fa8910/resourceGroups/rg-spoke-mgt/providers/Microsoft.Network/virtualNetworks/vnet-spoke-mgt/subnets/subnet-mgt",
            "timeouts": null
          },
          "sensitive_attributes": [],
          "private": "eyJlMmJmYjczMC1lY2FhLTExZTYtOGY4OC0zNDM2M2JjN2M0YzAiOnsiY3JlYXRlIjoxODAwMDAwMDAwMDAwLCJkZWxldGUiOjE4MDAwMDAwMDAwMDAsInJlYWQiOjMwMDAwMDAwMDAwMCwidXBkYXRlIjoxODAwMDAwMDAwMDAwfX0=",
          "dependencies": [
            "azurerm_firewall.firewall",
            "azurerm_firewall_policy.firewall_policy",
            "azurerm_log_analytics_workspace.workspace",
            "azurerm_network_security_group.nsg_subnet_mgt",
            "azurerm_public_ip.public_ip_firewall",
            "azurerm_resource_group.rg_hub",
            "azurerm_resource_group.rg_spoke_app",
            "azurerm_resource_group.rg_spoke_mgt",
            "azurerm_subnet.subnet_firewall",
            "azurerm_subnet.subnet_mgt",
            "azurerm_virtual_network.vnet_hub",
            "azurerm_virtual_network.vnet_spoke_mgt"
          ]
        }
      ]
    },
    {
      "mode": "managed",
      "type": "azurerm_subnet_network_security_group_association",
      "name": "association_nsg_subnet_nodes",
      "provider": "provider[\"registry.terraform.io/hashicorp/azurerm\"]",
      "instances": [
        {
          "index_key": 0,
          "schema_version": 0,
          "attributes": {
            "id": "/subscriptions/82f6d75e-85f4-434a-ab74-5dddd9fa8910/resourceGroups/rg-spoke-app/providers/Microsoft.Network/virtualNetworks/vnet-spoke-app/subnets/subnet-nodes",
            "network_security_group_id": "/subscriptions/82f6d75e-85f4-434a-ab74-5dddd9fa8910/resourceGroups/rg-spoke-aks/providers/Microsoft.Network/networkSecurityGroups/nsg_subnet_nodes",
            "subnet_id": "/subscriptions/82f6d75e-85f4-434a-ab74-5dddd9fa8910/resourceGroups/rg-spoke-app/providers/Microsoft.Network/virtualNetworks/vnet-spoke-app/subnets/subnet-nodes",
            "timeouts": null
          },
          "sensitive_attributes": [],
          "private": "eyJlMmJmYjczMC1lY2FhLTExZTYtOGY4OC0zNDM2M2JjN2M0YzAiOnsiY3JlYXRlIjoxODAwMDAwMDAwMDAwLCJkZWxldGUiOjE4MDAwMDAwMDAwMDAsInJlYWQiOjMwMDAwMDAwMDAwMCwidXBkYXRlIjoxODAwMDAwMDAwMDAwfX0=",
          "dependencies": [
            "azurerm_firewall.firewall",
            "azurerm_firewall_policy.firewall_policy",
            "azurerm_log_analytics_workspace.workspace",
            "azurerm_network_security_group.nsg_subnet_nodes",
            "azurerm_public_ip.public_ip_firewall",
            "azurerm_resource_group.rg_hub",
            "azurerm_resource_group.rg_spoke_aks",
            "azurerm_resource_group.rg_spoke_app",
            "azurerm_subnet.subnet_firewall",
            "azurerm_subnet.subnet_nodes",
            "azurerm_virtual_network.vnet_hub",
            "azurerm_virtual_network.vnet_spoke_app"
          ]
        }
      ]
    },
    {
      "mode": "managed",
      "type": "azurerm_subnet_network_security_group_association",
      "name": "association_nsg_subnet_pods",
      "provider": "provider[\"registry.terraform.io/hashicorp/azurerm\"]",
      "instances": [
        {
          "index_key": 0,
          "schema_version": 0,
          "attributes": {
            "id": "/subscriptions/82f6d75e-85f4-434a-ab74-5dddd9fa8910/resourceGroups/rg-spoke-app/providers/Microsoft.Network/virtualNetworks/vnet-spoke-app/subnets/subnet-pods",
            "network_security_group_id": "/subscriptions/82f6d75e-85f4-434a-ab74-5dddd9fa8910/resourceGroups/rg-spoke-aks/providers/Microsoft.Network/networkSecurityGroups/nsg_subnet_pods",
            "subnet_id": "/subscriptions/82f6d75e-85f4-434a-ab74-5dddd9fa8910/resourceGroups/rg-spoke-app/providers/Microsoft.Network/virtualNetworks/vnet-spoke-app/subnets/subnet-pods",
            "timeouts": null
          },
          "sensitive_attributes": [],
          "private": "eyJlMmJmYjczMC1lY2FhLTExZTYtOGY4OC0zNDM2M2JjN2M0YzAiOnsiY3JlYXRlIjoxODAwMDAwMDAwMDAwLCJkZWxldGUiOjE4MDAwMDAwMDAwMDAsInJlYWQiOjMwMDAwMDAwMDAwMCwidXBkYXRlIjoxODAwMDAwMDAwMDAwfX0=",
          "dependencies": [
            "azurerm_firewall.firewall",
            "azurerm_firewall_policy.firewall_policy",
            "azurerm_log_analytics_workspace.workspace",
            "azurerm_network_security_group.nsg_subnet_pods",
            "azurerm_public_ip.public_ip_firewall",
            "azurerm_resource_group.rg_hub",
            "azurerm_resource_group.rg_spoke_aks",
            "azurerm_resource_group.rg_spoke_app",
            "azurerm_subnet.subnet_firewall",
            "azurerm_subnet.subnet_pods",
            "azurerm_virtual_network.vnet_hub",
            "azurerm_virtual_network.vnet_spoke_app"
          ]
        }
      ]
    },
    {
      "mode": "managed",
      "type": "azurerm_subnet_network_security_group_association",
      "name": "association_nsg_subnet_vnet_integration",
      "provider": "provider[\"registry.terraform.io/hashicorp/azurerm\"]",
      "instances": [
        {
          "index_key": 0,
          "schema_version": 0,
          "attributes": {
            "id": "/subscriptions/82f6d75e-85f4-434a-ab74-5dddd9fa8910/resourceGroups/rg-spoke3/providers/Microsoft.Network/virtualNetworks/vnet_spoke3/subnets/snet-vnet-integration",
            "network_security_group_id": "/subscriptions/82f6d75e-85f4-434a-ab74-5dddd9fa8910/resourceGroups/rg-spoke3/providers/Microsoft.Network/networkSecurityGroups/nsg_subnet_vnet_integration",
            "subnet_id": "/subscriptions/82f6d75e-85f4-434a-ab74-5dddd9fa8910/resourceGroups/rg-spoke3/providers/Microsoft.Network/virtualNetworks/vnet_spoke3/subnets/snet-vnet-integration",
            "timeouts": null
          },
          "sensitive_attributes": [],
          "private": "eyJlMmJmYjczMC1lY2FhLTExZTYtOGY4OC0zNDM2M2JjN2M0YzAiOnsiY3JlYXRlIjoxODAwMDAwMDAwMDAwLCJkZWxldGUiOjE4MDAwMDAwMDAwMDAsInJlYWQiOjMwMDAwMDAwMDAwMCwidXBkYXRlIjoxODAwMDAwMDAwMDAwfX0=",
          "dependencies": [
            "azurerm_firewall.firewall",
            "azurerm_firewall_policy.firewall_policy",
            "azurerm_log_analytics_workspace.workspace",
            "azurerm_network_security_group.nsg_subnet_vnet_integration",
            "azurerm_public_ip.public_ip_firewall",
            "azurerm_resource_group.rg_hub",
            "azurerm_resource_group.rg_spoke3",
            "azurerm_resource_group.rg_spoke_app",
            "azurerm_subnet.snet_vnet_integration",
            "azurerm_subnet.subnet_firewall",
            "azurerm_virtual_network.vnet_hub",
            "azurerm_virtual_network.vnet_spoke3"
          ]
        }
      ]
    },
    {
      "mode": "managed",
      "type": "azurerm_subnet_route_table_association",
      "name": "association_route_table_subnet_mgt",
      "provider": "provider[\"registry.terraform.io/hashicorp/azurerm\"]",
      "instances": [
        {
          "index_key": 0,
          "schema_version": 0,
          "attributes": {
            "id": "/subscriptions/82f6d75e-85f4-434a-ab74-5dddd9fa8910/resourceGroups/rg-spoke-mgt/providers/Microsoft.Network/virtualNetworks/vnet-spoke-mgt/subnets/subnet-mgt",
            "route_table_id": "/subscriptions/82f6d75e-85f4-434a-ab74-5dddd9fa8910/resourceGroups/rg-spoke-mgt/providers/Microsoft.Network/routeTables/route_table_subnet_mgt",
            "subnet_id": "/subscriptions/82f6d75e-85f4-434a-ab74-5dddd9fa8910/resourceGroups/rg-spoke-mgt/providers/Microsoft.Network/virtualNetworks/vnet-spoke-mgt/subnets/subnet-mgt",
            "timeouts": null
          },
          "sensitive_attributes": [],
          "private": "eyJlMmJmYjczMC1lY2FhLTExZTYtOGY4OC0zNDM2M2JjN2M0YzAiOnsiY3JlYXRlIjoxODAwMDAwMDAwMDAwLCJkZWxldGUiOjE4MDAwMDAwMDAwMDAsInJlYWQiOjMwMDAwMDAwMDAwMCwidXBkYXRlIjoxODAwMDAwMDAwMDAwfX0=",
          "dependencies": [
            "azurerm_firewall.firewall",
            "azurerm_firewall_policy.firewall_policy",
            "azurerm_log_analytics_workspace.workspace",
            "azurerm_public_ip.public_ip_firewall",
            "azurerm_resource_group.rg_hub",
            "azurerm_resource_group.rg_spoke_app",
            "azurerm_resource_group.rg_spoke_mgt",
            "azurerm_route_table.route_table_to_firewall",
            "azurerm_subnet.subnet_firewall",
            "azurerm_subnet.subnet_mgt",
            "azurerm_virtual_network.vnet_hub",
            "azurerm_virtual_network.vnet_spoke_mgt"
          ]
        }
      ]
    },
    {
      "mode": "managed",
      "type": "azurerm_subnet_route_table_association",
      "name": "association_route_table_subnet_nodes",
      "provider": "provider[\"registry.terraform.io/hashicorp/azurerm\"]",
      "instances": [
        {
          "index_key": 0,
          "schema_version": 0,
          "attributes": {
            "id": "/subscriptions/82f6d75e-85f4-434a-ab74-5dddd9fa8910/resourceGroups/rg-spoke-app/providers/Microsoft.Network/virtualNetworks/vnet-spoke-app/subnets/subnet-nodes",
            "route_table_id": "/subscriptions/82f6d75e-85f4-434a-ab74-5dddd9fa8910/resourceGroups/rg-spoke-mgt/providers/Microsoft.Network/routeTables/route_table_subnet_mgt",
            "subnet_id": "/subscriptions/82f6d75e-85f4-434a-ab74-5dddd9fa8910/resourceGroups/rg-spoke-app/providers/Microsoft.Network/virtualNetworks/vnet-spoke-app/subnets/subnet-nodes",
            "timeouts": null
          },
          "sensitive_attributes": [],
          "private": "eyJlMmJmYjczMC1lY2FhLTExZTYtOGY4OC0zNDM2M2JjN2M0YzAiOnsiY3JlYXRlIjoxODAwMDAwMDAwMDAwLCJkZWxldGUiOjE4MDAwMDAwMDAwMDAsInJlYWQiOjMwMDAwMDAwMDAwMCwidXBkYXRlIjoxODAwMDAwMDAwMDAwfX0=",
          "dependencies": [
            "azurerm_firewall.firewall",
            "azurerm_firewall_policy.firewall_policy",
            "azurerm_log_analytics_workspace.workspace",
            "azurerm_public_ip.public_ip_firewall",
            "azurerm_resource_group.rg_hub",
            "azurerm_resource_group.rg_spoke_app",
            "azurerm_resource_group.rg_spoke_mgt",
            "azurerm_route_table.route_table_to_firewall",
            "azurerm_subnet.subnet_firewall",
            "azurerm_subnet.subnet_nodes",
            "azurerm_virtual_network.vnet_hub",
            "azurerm_virtual_network.vnet_spoke_app"
          ]
        }
      ]
    },
    {
      "mode": "managed",
      "type": "azurerm_subnet_route_table_association",
      "name": "association_route_table_subnet_pods",
      "provider": "provider[\"registry.terraform.io/hashicorp/azurerm\"]",
      "instances": [
        {
          "index_key": 0,
          "schema_version": 0,
          "attributes": {
            "id": "/subscriptions/82f6d75e-85f4-434a-ab74-5dddd9fa8910/resourceGroups/rg-spoke-app/providers/Microsoft.Network/virtualNetworks/vnet-spoke-app/subnets/subnet-pods",
            "route_table_id": "/subscriptions/82f6d75e-85f4-434a-ab74-5dddd9fa8910/resourceGroups/rg-spoke-mgt/providers/Microsoft.Network/routeTables/route_table_subnet_mgt",
            "subnet_id": "/subscriptions/82f6d75e-85f4-434a-ab74-5dddd9fa8910/resourceGroups/rg-spoke-app/providers/Microsoft.Network/virtualNetworks/vnet-spoke-app/subnets/subnet-pods",
            "timeouts": null
          },
          "sensitive_attributes": [],
          "private": "eyJlMmJmYjczMC1lY2FhLTExZTYtOGY4OC0zNDM2M2JjN2M0YzAiOnsiY3JlYXRlIjoxODAwMDAwMDAwMDAwLCJkZWxldGUiOjE4MDAwMDAwMDAwMDAsInJlYWQiOjMwMDAwMDAwMDAwMCwidXBkYXRlIjoxODAwMDAwMDAwMDAwfX0=",
          "dependencies": [
            "azurerm_firewall.firewall",
            "azurerm_firewall_policy.firewall_policy",
            "azurerm_log_analytics_workspace.workspace",
            "azurerm_public_ip.public_ip_firewall",
            "azurerm_resource_group.rg_hub",
            "azurerm_resource_group.rg_spoke_app",
            "azurerm_resource_group.rg_spoke_mgt",
            "azurerm_route_table.route_table_to_firewall",
            "azurerm_subnet.subnet_firewall",
            "azurerm_subnet.subnet_pods",
            "azurerm_virtual_network.vnet_hub",
            "azurerm_virtual_network.vnet_spoke_app"
          ]
        }
      ]
    },
    {
      "mode": "managed",
      "type": "azurerm_subnet_route_table_association",
      "name": "association_route_table_subnet_vnet_integration",
      "provider": "provider[\"registry.terraform.io/hashicorp/azurerm\"]",
      "instances": [
        {
          "index_key": 0,
          "schema_version": 0,
          "attributes": {
            "id": "/subscriptions/82f6d75e-85f4-434a-ab74-5dddd9fa8910/resourceGroups/rg-spoke3/providers/Microsoft.Network/virtualNetworks/vnet_spoke3/subnets/snet-vnet-integration",
            "route_table_id": "/subscriptions/82f6d75e-85f4-434a-ab74-5dddd9fa8910/resourceGroups/rg-spoke-mgt/providers/Microsoft.Network/routeTables/route_table_subnet_mgt",
            "subnet_id": "/subscriptions/82f6d75e-85f4-434a-ab74-5dddd9fa8910/resourceGroups/rg-spoke3/providers/Microsoft.Network/virtualNetworks/vnet_spoke3/subnets/snet-vnet-integration",
            "timeouts": null
          },
          "sensitive_attributes": [],
          "private": "eyJlMmJmYjczMC1lY2FhLTExZTYtOGY4OC0zNDM2M2JjN2M0YzAiOnsiY3JlYXRlIjoxODAwMDAwMDAwMDAwLCJkZWxldGUiOjE4MDAwMDAwMDAwMDAsInJlYWQiOjMwMDAwMDAwMDAwMCwidXBkYXRlIjoxODAwMDAwMDAwMDAwfX0=",
          "dependencies": [
            "azurerm_firewall.firewall",
            "azurerm_firewall_policy.firewall_policy",
            "azurerm_log_analytics_workspace.workspace",
            "azurerm_public_ip.public_ip_firewall",
            "azurerm_resource_group.rg_hub",
            "azurerm_resource_group.rg_spoke3",
            "azurerm_resource_group.rg_spoke_app",
            "azurerm_resource_group.rg_spoke_mgt",
            "azurerm_route_table.route_table_to_firewall",
            "azurerm_subnet.snet_vnet_integration",
            "azurerm_subnet.subnet_firewall",
            "azurerm_virtual_network.vnet_hub",
            "azurerm_virtual_network.vnet_spoke3"
          ]
        }
      ]
    },
    {
      "mode": "managed",
      "type": "azurerm_user_assigned_identity",
      "name": "identity-kubelet",
      "provider": "provider[\"registry.terraform.io/hashicorp/azurerm\"]",
      "instances": [
        {
          "index_key": 0,
          "schema_version": 1,
          "attributes": {
            "client_id": "1fabea13-68e0-42d1-9b51-154cdb38f6d8",
            "id": "/subscriptions/82f6d75e-85f4-434a-ab74-5dddd9fa8910/resourceGroups/rg-spoke-aks/providers/Microsoft.ManagedIdentity/userAssignedIdentities/identity-kubelet",
            "location": "westeurope",
            "name": "identity-kubelet",
            "principal_id": "8d1fbf25-478f-4761-87fa-106ca79b40cf",
            "resource_group_name": "rg-spoke-aks",
            "tags": {
              "architecture": "Hub\u0026Spoke",
              "environment": "development",
              "source": "terraform"
            },
            "tenant_id": "16b3c013-d300-468d-ac64-7eda0820b6d3",
            "timeouts": null
          },
          "sensitive_attributes": [],
          "private": "eyJlMmJmYjczMC1lY2FhLTExZTYtOGY4OC0zNDM2M2JjN2M0YzAiOnsiY3JlYXRlIjoxODAwMDAwMDAwMDAwLCJkZWxldGUiOjE4MDAwMDAwMDAwMDAsInJlYWQiOjMwMDAwMDAwMDAwMCwidXBkYXRlIjoxODAwMDAwMDAwMDAwfSwic2NoZW1hX3ZlcnNpb24iOiIxIn0=",
          "dependencies": [
            "azurerm_resource_group.rg_spoke_aks"
          ]
        }
      ]
    },
    {
      "mode": "managed",
      "type": "azurerm_user_assigned_identity",
      "name": "identity_aks",
      "provider": "provider[\"registry.terraform.io/hashicorp/azurerm\"]",
      "instances": [
        {
          "index_key": 0,
          "schema_version": 1,
          "attributes": {
            "client_id": "fa33e93a-0aa2-4499-8b65-fa4900bd68b8",
            "id": "/subscriptions/82f6d75e-85f4-434a-ab74-5dddd9fa8910/resourceGroups/rg-spoke-aks/providers/Microsoft.ManagedIdentity/userAssignedIdentities/identity-aks",
            "location": "westeurope",
            "name": "identity-aks",
            "principal_id": "987a88b1-1893-450a-9fdd-ec24ae71bed3",
            "resource_group_name": "rg-spoke-aks",
            "tags": {
              "architecture": "Hub\u0026Spoke",
              "environment": "development",
              "source": "terraform"
            },
            "tenant_id": "16b3c013-d300-468d-ac64-7eda0820b6d3",
            "timeouts": null
          },
          "sensitive_attributes": [],
          "private": "eyJlMmJmYjczMC1lY2FhLTExZTYtOGY4OC0zNDM2M2JjN2M0YzAiOnsiY3JlYXRlIjoxODAwMDAwMDAwMDAwLCJkZWxldGUiOjE4MDAwMDAwMDAwMDAsInJlYWQiOjMwMDAwMDAwMDAwMCwidXBkYXRlIjoxODAwMDAwMDAwMDAwfSwic2NoZW1hX3ZlcnNpb24iOiIxIn0=",
          "dependencies": [
            "azurerm_resource_group.rg_spoke_aks"
          ]
        }
      ]
    },
    {
      "mode": "managed",
      "type": "azurerm_user_assigned_identity",
      "name": "identity_vm_linux",
      "provider": "provider[\"registry.terraform.io/hashicorp/azurerm\"]",
      "instances": [
        {
          "index_key": 0,
          "schema_version": 1,
          "attributes": {
            "client_id": "4a5a6304-6660-4676-884d-cafc5df4be26",
            "id": "/subscriptions/82f6d75e-85f4-434a-ab74-5dddd9fa8910/resourceGroups/rg-spoke-mgt/providers/Microsoft.ManagedIdentity/userAssignedIdentities/identity_vm_linux",
            "location": "westeurope",
            "name": "identity_vm_linux",
            "principal_id": "a9c1e363-dca2-4919-aa0d-1fd9af8a0b5b",
            "resource_group_name": "rg-spoke-mgt",
            "tags": {
              "architecture": "Hub\u0026Spoke",
              "environment": "development",
              "source": "terraform"
            },
            "tenant_id": "16b3c013-d300-468d-ac64-7eda0820b6d3",
            "timeouts": null
          },
          "sensitive_attributes": [],
          "private": "eyJlMmJmYjczMC1lY2FhLTExZTYtOGY4OC0zNDM2M2JjN2M0YzAiOnsiY3JlYXRlIjoxODAwMDAwMDAwMDAwLCJkZWxldGUiOjE4MDAwMDAwMDAwMDAsInJlYWQiOjMwMDAwMDAwMDAwMCwidXBkYXRlIjoxODAwMDAwMDAwMDAwfSwic2NoZW1hX3ZlcnNpb24iOiIxIn0=",
          "dependencies": [
            "azurerm_resource_group.rg_spoke_mgt"
          ]
        }
      ]
    },
    {
      "mode": "managed",
      "type": "azurerm_virtual_machine_extension",
      "name": "vm_extension_linux",
      "provider": "provider[\"registry.terraform.io/hashicorp/azurerm\"]",
      "instances": [
        {
          "index_key": 0,
          "schema_version": 0,
          "attributes": {
            "auto_upgrade_minor_version": false,
            "automatic_upgrade_enabled": false,
            "failure_suppression_enabled": false,
            "id": "/subscriptions/82f6d75e-85f4-434a-ab74-5dddd9fa8910/resourceGroups/rg-spoke-mgt/providers/Microsoft.Compute/virtualMachines/vm-jumpbox-linux/extensions/vm_extension_linux",
            "name": "vm_extension_linux",
            "protected_settings": null,
            "protected_settings_from_key_vault": [],
            "publisher": "Microsoft.Azure.Extensions",
            "settings": "{\"commandToExecute\":\"./install-cli-tools.sh\",\"fileUris\":[\"https://raw.githubusercontent.com/HoussemDellai/aks-appgateway/network-flow-logs/install-cli-tools.sh\"]}",
            "tags": {
              "architecture": "Hub\u0026Spoke",
              "environment": "development",
              "source": "terraform"
            },
            "timeouts": null,
            "type": "CustomScript",
            "type_handler_version": "2.1",
            "virtual_machine_id": "/subscriptions/82f6d75e-85f4-434a-ab74-5dddd9fa8910/resourceGroups/rg-spoke-mgt/providers/Microsoft.Compute/virtualMachines/vm-jumpbox-linux"
          },
          "sensitive_attributes": [],
          "private": "eyJlMmJmYjczMC1lY2FhLTExZTYtOGY4OC0zNDM2M2JjN2M0YzAiOnsiY3JlYXRlIjoxODAwMDAwMDAwMDAwLCJkZWxldGUiOjE4MDAwMDAwMDAwMDAsInJlYWQiOjMwMDAwMDAwMDAwMCwidXBkYXRlIjoxODAwMDAwMDAwMDAwfX0=",
          "dependencies": [
            "azurerm_firewall.firewall",
            "azurerm_firewall_policy.firewall_policy",
            "azurerm_linux_virtual_machine.vm_jumpbox_linux",
            "azurerm_log_analytics_workspace.workspace",
            "azurerm_network_interface.nic_vm_jumpbox_linux",
            "azurerm_public_ip.public_ip_firewall",
            "azurerm_resource_group.rg_hub",
            "azurerm_resource_group.rg_spoke_app",
            "azurerm_resource_group.rg_spoke_mgt",
            "azurerm_subnet.subnet_firewall",
            "azurerm_subnet.subnet_mgt",
            "azurerm_user_assigned_identity.identity_vm_linux",
            "azurerm_virtual_network.vnet_hub",
            "azurerm_virtual_network.vnet_spoke_mgt"
          ]
        }
      ]
    },
    {
      "mode": "managed",
      "type": "azurerm_virtual_network",
      "name": "vnet_hub",
      "provider": "provider[\"registry.terraform.io/hashicorp/azurerm\"].subscription_hub",
      "instances": [
        {
          "schema_version": 0,
          "attributes": {
            "address_space": [
              "172.16.0.0/16"
            ],
            "bgp_community": "",
            "ddos_protection_plan": [],
            "dns_servers": [],
            "edge_zone": "",
            "flow_timeout_in_minutes": 0,
            "guid": "c5aa5583-918b-4d62-975a-b2b3c2ce3568",
            "id": "/subscriptions/82f6d75e-85f4-434a-ab74-5dddd9fa8910/resourceGroups/rg-hub/providers/Microsoft.Network/virtualNetworks/vnet-hub",
            "location": "westeurope",
            "name": "vnet-hub",
            "resource_group_name": "rg-hub",
            "subnet": [
              {
                "address_prefix": "172.16.0.0/26",
                "id": "/subscriptions/82f6d75e-85f4-434a-ab74-5dddd9fa8910/resourceGroups/rg-hub/providers/Microsoft.Network/virtualNetworks/vnet-hub/subnets/AzureFirewallSubnet",
                "name": "AzureFirewallSubnet",
                "security_group": ""
              },
              {
                "address_prefix": "172.16.1.0/27",
                "id": "/subscriptions/82f6d75e-85f4-434a-ab74-5dddd9fa8910/resourceGroups/rg-hub/providers/Microsoft.Network/virtualNetworks/vnet-hub/subnets/AzureBastionSubnet",
                "name": "AzureBastionSubnet",
                "security_group": "/subscriptions/82f6d75e-85f4-434a-ab74-5dddd9fa8910/resourceGroups/rg-hub/providers/Microsoft.Network/networkSecurityGroups/vnet-hub-AzureBastionSubnet-nsg-westeurope"
              }
            ],
            "tags": {},
            "timeouts": null
          },
          "sensitive_attributes": [],
          "private": "eyJlMmJmYjczMC1lY2FhLTExZTYtOGY4OC0zNDM2M2JjN2M0YzAiOnsiY3JlYXRlIjoxODAwMDAwMDAwMDAwLCJkZWxldGUiOjE4MDAwMDAwMDAwMDAsInJlYWQiOjMwMDAwMDAwMDAwMCwidXBkYXRlIjoxODAwMDAwMDAwMDAwfX0=",
          "dependencies": [
            "azurerm_resource_group.rg_hub"
          ],
          "create_before_destroy": true
        }
      ]
    },
    {
      "mode": "managed",
      "type": "azurerm_virtual_network",
      "name": "vnet_spoke3",
      "provider": "provider[\"registry.terraform.io/hashicorp/azurerm\"]",
      "instances": [
        {
          "index_key": 0,
          "schema_version": 0,
          "attributes": {
            "address_space": [
              "10.3.0.0/16"
            ],
            "bgp_community": "",
            "ddos_protection_plan": [],
            "dns_servers": [
              "172.16.0.4"
            ],
            "edge_zone": "",
            "flow_timeout_in_minutes": 0,
            "guid": "45803540-551b-45d4-84d0-6b118d2e9271",
            "id": "/subscriptions/82f6d75e-85f4-434a-ab74-5dddd9fa8910/resourceGroups/rg-spoke3/providers/Microsoft.Network/virtualNetworks/vnet_spoke3",
            "location": "westeurope",
            "name": "vnet_spoke3",
            "resource_group_name": "rg-spoke3",
            "subnet": [
              {
                "address_prefix": "10.3.1.0/24",
                "id": "/subscriptions/82f6d75e-85f4-434a-ab74-5dddd9fa8910/resourceGroups/rg-spoke3/providers/Microsoft.Network/virtualNetworks/vnet_spoke3/subnets/snet-vnet-integration",
                "name": "snet-vnet-integration",
                "security_group": "/subscriptions/82f6d75e-85f4-434a-ab74-5dddd9fa8910/resourceGroups/rg-spoke3/providers/Microsoft.Network/networkSecurityGroups/nsg_subnet_vnet_integration"
              },
              {
                "address_prefix": "10.3.2.0/24",
                "id": "/subscriptions/82f6d75e-85f4-434a-ab74-5dddd9fa8910/resourceGroups/rg-spoke3/providers/Microsoft.Network/virtualNetworks/vnet_spoke3/subnets/snet-private-endpoint",
                "name": "snet-private-endpoint",
                "security_group": "/subscriptions/82f6d75e-85f4-434a-ab74-5dddd9fa8910/resourceGroups/rg-spoke3/providers/Microsoft.Network/networkSecurityGroups/vnet_spoke3-snet-private-endpoint-nsg-westeurope"
              }
            ],
            "tags": {},
            "timeouts": null
          },
          "sensitive_attributes": [],
          "private": "eyJlMmJmYjczMC1lY2FhLTExZTYtOGY4OC0zNDM2M2JjN2M0YzAiOnsiY3JlYXRlIjoxODAwMDAwMDAwMDAwLCJkZWxldGUiOjE4MDAwMDAwMDAwMDAsInJlYWQiOjMwMDAwMDAwMDAwMCwidXBkYXRlIjoxODAwMDAwMDAwMDAwfX0=",
          "dependencies": [
            "azurerm_firewall.firewall",
            "azurerm_firewall_policy.firewall_policy",
            "azurerm_log_analytics_workspace.workspace",
            "azurerm_public_ip.public_ip_firewall",
            "azurerm_resource_group.rg_hub",
            "azurerm_resource_group.rg_spoke3",
            "azurerm_resource_group.rg_spoke_app",
            "azurerm_subnet.subnet_firewall",
            "azurerm_virtual_network.vnet_hub"
          ]
        }
      ]
    },
    {
      "mode": "managed",
      "type": "azurerm_virtual_network",
      "name": "vnet_spoke_app",
      "provider": "provider[\"registry.terraform.io/hashicorp/azurerm\"]",
      "instances": [
        {
          "schema_version": 0,
          "attributes": {
            "address_space": [
              "10.1.0.0/16"
            ],
            "bgp_community": "",
            "ddos_protection_plan": [],
            "dns_servers": [
              "172.16.0.4"
            ],
            "edge_zone": "",
            "flow_timeout_in_minutes": 0,
            "guid": "2079b59f-efce-4013-a567-64acc3a7ff3a",
            "id": "/subscriptions/82f6d75e-85f4-434a-ab74-5dddd9fa8910/resourceGroups/rg-spoke-app/providers/Microsoft.Network/virtualNetworks/vnet-spoke-app",
            "location": "westeurope",
            "name": "vnet-spoke-app",
            "resource_group_name": "rg-spoke-app",
            "subnet": [
              {
                "address_prefix": "10.1.2.0/28",
                "id": "/subscriptions/82f6d75e-85f4-434a-ab74-5dddd9fa8910/resourceGroups/rg-spoke-app/providers/Microsoft.Network/virtualNetworks/vnet-spoke-app/subnets/subnet-pe",
                "name": "subnet-pe",
                "security_group": "/subscriptions/82f6d75e-85f4-434a-ab74-5dddd9fa8910/resourceGroups/rg-spoke-app/providers/Microsoft.Network/networkSecurityGroups/vnet-spoke-app-subnet-pe-nsg-westeurope"
              },
              {
                "address_prefix": "10.1.240.0/20",
                "id": "/subscriptions/82f6d75e-85f4-434a-ab74-5dddd9fa8910/resourceGroups/rg-spoke-app/providers/Microsoft.Network/virtualNetworks/vnet-spoke-app/subnets/subnet-pods",
                "name": "subnet-pods",
                "security_group": "/subscriptions/82f6d75e-85f4-434a-ab74-5dddd9fa8910/resourceGroups/rg-spoke-aks/providers/Microsoft.Network/networkSecurityGroups/nsg_subnet_pods"
              },
              {
                "address_prefix": "10.1.3.0/24",
                "id": "/subscriptions/82f6d75e-85f4-434a-ab74-5dddd9fa8910/resourceGroups/rg-spoke-app/providers/Microsoft.Network/virtualNetworks/vnet-spoke-app/subnets/subnet-nodes",
                "name": "subnet-nodes",
                "security_group": "/subscriptions/82f6d75e-85f4-434a-ab74-5dddd9fa8910/resourceGroups/rg-spoke-aks/providers/Microsoft.Network/networkSecurityGroups/nsg_subnet_nodes"
              },
              {
                "address_prefix": "10.1.4.0/28",
                "id": "/subscriptions/82f6d75e-85f4-434a-ab74-5dddd9fa8910/resourceGroups/rg-spoke-app/providers/Microsoft.Network/virtualNetworks/vnet-spoke-app/subnets/subnet-apiserver",
                "name": "subnet-apiserver",
                "security_group": "/subscriptions/82f6d75e-85f4-434a-ab74-5dddd9fa8910/resourceGroups/rg-spoke-app/providers/Microsoft.Network/networkSecurityGroups/vnet-spoke-app-subnet-apiserver-nsg-westeurope"
              }
            ],
            "tags": {
              "architecture": "Hub\u0026Spoke",
              "environment": "development",
              "source": "terraform"
            },
            "timeouts": null
          },
          "sensitive_attributes": [],
          "private": "eyJlMmJmYjczMC1lY2FhLTExZTYtOGY4OC0zNDM2M2JjN2M0YzAiOnsiY3JlYXRlIjoxODAwMDAwMDAwMDAwLCJkZWxldGUiOjE4MDAwMDAwMDAwMDAsInJlYWQiOjMwMDAwMDAwMDAwMCwidXBkYXRlIjoxODAwMDAwMDAwMDAwfX0=",
          "dependencies": [
            "azurerm_firewall.firewall",
            "azurerm_firewall_policy.firewall_policy",
            "azurerm_log_analytics_workspace.workspace",
            "azurerm_public_ip.public_ip_firewall",
            "azurerm_resource_group.rg_hub",
            "azurerm_resource_group.rg_spoke_app",
            "azurerm_subnet.subnet_firewall",
            "azurerm_virtual_network.vnet_hub"
          ],
          "create_before_destroy": true
        }
      ]
    },
    {
      "mode": "managed",
      "type": "azurerm_virtual_network",
      "name": "vnet_spoke_mgt",
      "provider": "provider[\"registry.terraform.io/hashicorp/azurerm\"]",
      "instances": [
        {
          "index_key": 0,
          "schema_version": 0,
          "attributes": {
            "address_space": [
              "10.2.0.0/16"
            ],
            "bgp_community": "",
            "ddos_protection_plan": [],
            "dns_servers": [
              "172.16.0.4"
            ],
            "edge_zone": "",
            "flow_timeout_in_minutes": 0,
            "guid": "d7a329b6-a684-4fbb-a990-7817e9b4c4ee",
            "id": "/subscriptions/82f6d75e-85f4-434a-ab74-5dddd9fa8910/resourceGroups/rg-spoke-mgt/providers/Microsoft.Network/virtualNetworks/vnet-spoke-mgt",
            "location": "westeurope",
            "name": "vnet-spoke-mgt",
            "resource_group_name": "rg-spoke-mgt",
            "subnet": [
              {
                "address_prefix": "10.2.0.0/24",
                "id": "/subscriptions/82f6d75e-85f4-434a-ab74-5dddd9fa8910/resourceGroups/rg-spoke-mgt/providers/Microsoft.Network/virtualNetworks/vnet-spoke-mgt/subnets/subnet-mgt",
                "name": "subnet-mgt",
                "security_group": "/subscriptions/82f6d75e-85f4-434a-ab74-5dddd9fa8910/resourceGroups/rg-spoke-mgt/providers/Microsoft.Network/networkSecurityGroups/nsg_subnet_mgt"
              }
            ],
            "tags": {
              "architecture": "Hub\u0026Spoke",
              "environment": "development",
              "source": "terraform"
            },
            "timeouts": null
          },
          "sensitive_attributes": [],
          "private": "eyJlMmJmYjczMC1lY2FhLTExZTYtOGY4OC0zNDM2M2JjN2M0YzAiOnsiY3JlYXRlIjoxODAwMDAwMDAwMDAwLCJkZWxldGUiOjE4MDAwMDAwMDAwMDAsInJlYWQiOjMwMDAwMDAwMDAwMCwidXBkYXRlIjoxODAwMDAwMDAwMDAwfX0=",
          "dependencies": [
            "azurerm_firewall.firewall",
            "azurerm_firewall_policy.firewall_policy",
            "azurerm_log_analytics_workspace.workspace",
            "azurerm_public_ip.public_ip_firewall",
            "azurerm_resource_group.rg_hub",
            "azurerm_resource_group.rg_spoke_app",
            "azurerm_resource_group.rg_spoke_mgt",
            "azurerm_subnet.subnet_firewall",
            "azurerm_virtual_network.vnet_hub"
          ]
        }
      ]
    },
    {
      "mode": "managed",
      "type": "azurerm_virtual_network_peering",
      "name": "vnet_peering_hub_to_spoke",
      "provider": "provider[\"registry.terraform.io/hashicorp/azurerm\"].subscription_hub",
      "instances": [
        {
          "index_key": 0,
          "schema_version": 0,
          "attributes": {
            "allow_forwarded_traffic": true,
            "allow_gateway_transit": false,
            "allow_virtual_network_access": true,
            "id": "/subscriptions/82f6d75e-85f4-434a-ab74-5dddd9fa8910/resourceGroups/rg-hub/providers/Microsoft.Network/virtualNetworks/vnet-hub/virtualNetworkPeerings/vnet_peering_hub_to_spoke",
            "name": "vnet_peering_hub_to_spoke",
            "remote_virtual_network_id": "/subscriptions/82f6d75e-85f4-434a-ab74-5dddd9fa8910/resourceGroups/rg-spoke-app/providers/Microsoft.Network/virtualNetworks/vnet-spoke-app",
            "resource_group_name": "rg-hub",
            "timeouts": null,
            "use_remote_gateways": false,
            "virtual_network_name": "vnet-hub"
          },
          "sensitive_attributes": [],
          "private": "eyJlMmJmYjczMC1lY2FhLTExZTYtOGY4OC0zNDM2M2JjN2M0YzAiOnsiY3JlYXRlIjoxODAwMDAwMDAwMDAwLCJkZWxldGUiOjE4MDAwMDAwMDAwMDAsInJlYWQiOjMwMDAwMDAwMDAwMCwidXBkYXRlIjoxODAwMDAwMDAwMDAwfX0=",
          "dependencies": [
            "azurerm_firewall.firewall",
            "azurerm_firewall_policy.firewall_policy",
            "azurerm_log_analytics_workspace.workspace",
            "azurerm_public_ip.public_ip_firewall",
            "azurerm_resource_group.rg_hub",
            "azurerm_resource_group.rg_spoke_app",
            "azurerm_subnet.subnet_firewall",
            "azurerm_virtual_network.vnet_hub",
            "azurerm_virtual_network.vnet_spoke_app"
          ]
        }
      ]
    },
    {
      "mode": "managed",
      "type": "azurerm_virtual_network_peering",
      "name": "vnet_peering_hub_to_spoke3",
      "provider": "provider[\"registry.terraform.io/hashicorp/azurerm\"].subscription_hub",
      "instances": [
        {
          "index_key": 0,
          "schema_version": 0,
          "attributes": {
            "allow_forwarded_traffic": true,
            "allow_gateway_transit": false,
            "allow_virtual_network_access": true,
            "id": "/subscriptions/82f6d75e-85f4-434a-ab74-5dddd9fa8910/resourceGroups/rg-hub/providers/Microsoft.Network/virtualNetworks/vnet-hub/virtualNetworkPeerings/vnet_peering_hub_to_spoke3",
            "name": "vnet_peering_hub_to_spoke3",
            "remote_virtual_network_id": "/subscriptions/82f6d75e-85f4-434a-ab74-5dddd9fa8910/resourceGroups/rg-spoke3/providers/Microsoft.Network/virtualNetworks/vnet_spoke3",
            "resource_group_name": "rg-hub",
            "timeouts": null,
            "use_remote_gateways": false,
            "virtual_network_name": "vnet-hub"
          },
          "sensitive_attributes": [],
          "private": "eyJlMmJmYjczMC1lY2FhLTExZTYtOGY4OC0zNDM2M2JjN2M0YzAiOnsiY3JlYXRlIjoxODAwMDAwMDAwMDAwLCJkZWxldGUiOjE4MDAwMDAwMDAwMDAsInJlYWQiOjMwMDAwMDAwMDAwMCwidXBkYXRlIjoxODAwMDAwMDAwMDAwfX0=",
          "dependencies": [
            "azurerm_firewall.firewall",
            "azurerm_firewall_policy.firewall_policy",
            "azurerm_log_analytics_workspace.workspace",
            "azurerm_public_ip.public_ip_firewall",
            "azurerm_resource_group.rg_hub",
            "azurerm_resource_group.rg_spoke3",
            "azurerm_resource_group.rg_spoke_app",
            "azurerm_subnet.subnet_firewall",
            "azurerm_virtual_network.vnet_hub",
            "azurerm_virtual_network.vnet_spoke3"
          ]
        }
      ]
    },
    {
      "mode": "managed",
      "type": "azurerm_virtual_network_peering",
      "name": "vnet_peering_hub_to_spoke_mgt",
      "provider": "provider[\"registry.terraform.io/hashicorp/azurerm\"].subscription_hub",
      "instances": [
        {
          "index_key": 0,
          "schema_version": 0,
          "attributes": {
            "allow_forwarded_traffic": true,
            "allow_gateway_transit": false,
            "allow_virtual_network_access": true,
            "id": "/subscriptions/82f6d75e-85f4-434a-ab74-5dddd9fa8910/resourceGroups/rg-hub/providers/Microsoft.Network/virtualNetworks/vnet-hub/virtualNetworkPeerings/vnet_peering_hub_to_spoke_mgt",
            "name": "vnet_peering_hub_to_spoke_mgt",
            "remote_virtual_network_id": "/subscriptions/82f6d75e-85f4-434a-ab74-5dddd9fa8910/resourceGroups/rg-spoke-mgt/providers/Microsoft.Network/virtualNetworks/vnet-spoke-mgt",
            "resource_group_name": "rg-hub",
            "timeouts": null,
            "use_remote_gateways": false,
            "virtual_network_name": "vnet-hub"
          },
          "sensitive_attributes": [],
          "private": "eyJlMmJmYjczMC1lY2FhLTExZTYtOGY4OC0zNDM2M2JjN2M0YzAiOnsiY3JlYXRlIjoxODAwMDAwMDAwMDAwLCJkZWxldGUiOjE4MDAwMDAwMDAwMDAsInJlYWQiOjMwMDAwMDAwMDAwMCwidXBkYXRlIjoxODAwMDAwMDAwMDAwfX0=",
          "dependencies": [
            "azurerm_firewall.firewall",
            "azurerm_firewall_policy.firewall_policy",
            "azurerm_log_analytics_workspace.workspace",
            "azurerm_public_ip.public_ip_firewall",
            "azurerm_resource_group.rg_hub",
            "azurerm_resource_group.rg_spoke_app",
            "azurerm_resource_group.rg_spoke_mgt",
            "azurerm_subnet.subnet_firewall",
            "azurerm_virtual_network.vnet_hub",
            "azurerm_virtual_network.vnet_spoke_mgt"
          ]
        }
      ]
    },
    {
      "mode": "managed",
      "type": "azurerm_virtual_network_peering",
      "name": "vnet_peering_spoke3_to_hub",
      "provider": "provider[\"registry.terraform.io/hashicorp/azurerm\"]",
      "instances": [
        {
          "index_key": 0,
          "schema_version": 0,
          "attributes": {
            "allow_forwarded_traffic": true,
            "allow_gateway_transit": false,
            "allow_virtual_network_access": true,
            "id": "/subscriptions/82f6d75e-85f4-434a-ab74-5dddd9fa8910/resourceGroups/rg-spoke3/providers/Microsoft.Network/virtualNetworks/vnet_spoke3/virtualNetworkPeerings/vnet_peering_spoke3_to_hub",
            "name": "vnet_peering_spoke3_to_hub",
            "remote_virtual_network_id": "/subscriptions/82f6d75e-85f4-434a-ab74-5dddd9fa8910/resourceGroups/rg-hub/providers/Microsoft.Network/virtualNetworks/vnet-hub",
            "resource_group_name": "rg-spoke3",
            "timeouts": null,
            "use_remote_gateways": false,
            "virtual_network_name": "vnet_spoke3"
          },
          "sensitive_attributes": [],
          "private": "eyJlMmJmYjczMC1lY2FhLTExZTYtOGY4OC0zNDM2M2JjN2M0YzAiOnsiY3JlYXRlIjoxODAwMDAwMDAwMDAwLCJkZWxldGUiOjE4MDAwMDAwMDAwMDAsInJlYWQiOjMwMDAwMDAwMDAwMCwidXBkYXRlIjoxODAwMDAwMDAwMDAwfX0=",
          "dependencies": [
            "azurerm_firewall.firewall",
            "azurerm_firewall_policy.firewall_policy",
            "azurerm_log_analytics_workspace.workspace",
            "azurerm_public_ip.public_ip_firewall",
            "azurerm_resource_group.rg_hub",
            "azurerm_resource_group.rg_spoke3",
            "azurerm_resource_group.rg_spoke_app",
            "azurerm_subnet.subnet_firewall",
            "azurerm_virtual_network.vnet_hub",
            "azurerm_virtual_network.vnet_spoke3"
          ]
        }
      ]
    },
    {
      "mode": "managed",
      "type": "azurerm_virtual_network_peering",
      "name": "vnet_peering_spoke_mgt_to_hub",
      "provider": "provider[\"registry.terraform.io/hashicorp/azurerm\"]",
      "instances": [
        {
          "index_key": 0,
          "schema_version": 0,
          "attributes": {
            "allow_forwarded_traffic": true,
            "allow_gateway_transit": false,
            "allow_virtual_network_access": true,
            "id": "/subscriptions/82f6d75e-85f4-434a-ab74-5dddd9fa8910/resourceGroups/rg-spoke-mgt/providers/Microsoft.Network/virtualNetworks/vnet-spoke-mgt/virtualNetworkPeerings/vnet_peering_spoke_mgt_to_hub",
            "name": "vnet_peering_spoke_mgt_to_hub",
            "remote_virtual_network_id": "/subscriptions/82f6d75e-85f4-434a-ab74-5dddd9fa8910/resourceGroups/rg-hub/providers/Microsoft.Network/virtualNetworks/vnet-hub",
            "resource_group_name": "rg-spoke-mgt",
            "timeouts": null,
            "use_remote_gateways": false,
            "virtual_network_name": "vnet-spoke-mgt"
          },
          "sensitive_attributes": [],
          "private": "eyJlMmJmYjczMC1lY2FhLTExZTYtOGY4OC0zNDM2M2JjN2M0YzAiOnsiY3JlYXRlIjoxODAwMDAwMDAwMDAwLCJkZWxldGUiOjE4MDAwMDAwMDAwMDAsInJlYWQiOjMwMDAwMDAwMDAwMCwidXBkYXRlIjoxODAwMDAwMDAwMDAwfX0=",
          "dependencies": [
            "azurerm_firewall.firewall",
            "azurerm_firewall_policy.firewall_policy",
            "azurerm_log_analytics_workspace.workspace",
            "azurerm_public_ip.public_ip_firewall",
            "azurerm_resource_group.rg_hub",
            "azurerm_resource_group.rg_spoke_app",
            "azurerm_resource_group.rg_spoke_mgt",
            "azurerm_subnet.subnet_firewall",
            "azurerm_virtual_network.vnet_hub",
            "azurerm_virtual_network.vnet_spoke_mgt"
          ]
        }
      ]
    },
    {
      "mode": "managed",
      "type": "azurerm_virtual_network_peering",
      "name": "vnet_peering_spoke_to_hub",
      "provider": "provider[\"registry.terraform.io/hashicorp/azurerm\"]",
      "instances": [
        {
          "index_key": 0,
          "schema_version": 0,
          "attributes": {
            "allow_forwarded_traffic": true,
            "allow_gateway_transit": false,
            "allow_virtual_network_access": true,
            "id": "/subscriptions/82f6d75e-85f4-434a-ab74-5dddd9fa8910/resourceGroups/rg-spoke-app/providers/Microsoft.Network/virtualNetworks/vnet-spoke-app/virtualNetworkPeerings/vnet_peering_spoke_to_hub",
            "name": "vnet_peering_spoke_to_hub",
            "remote_virtual_network_id": "/subscriptions/82f6d75e-85f4-434a-ab74-5dddd9fa8910/resourceGroups/rg-hub/providers/Microsoft.Network/virtualNetworks/vnet-hub",
            "resource_group_name": "rg-spoke-app",
            "timeouts": null,
            "use_remote_gateways": false,
            "virtual_network_name": "vnet-spoke-app"
          },
          "sensitive_attributes": [],
          "private": "eyJlMmJmYjczMC1lY2FhLTExZTYtOGY4OC0zNDM2M2JjN2M0YzAiOnsiY3JlYXRlIjoxODAwMDAwMDAwMDAwLCJkZWxldGUiOjE4MDAwMDAwMDAwMDAsInJlYWQiOjMwMDAwMDAwMDAwMCwidXBkYXRlIjoxODAwMDAwMDAwMDAwfX0=",
          "dependencies": [
            "azurerm_firewall.firewall",
            "azurerm_firewall_policy.firewall_policy",
            "azurerm_log_analytics_workspace.workspace",
            "azurerm_public_ip.public_ip_firewall",
            "azurerm_resource_group.rg_hub",
            "azurerm_resource_group.rg_spoke_app",
            "azurerm_subnet.subnet_firewall",
            "azurerm_virtual_network.vnet_hub",
            "azurerm_virtual_network.vnet_spoke_app"
          ]
        }
      ]
    },
    {
      "mode": "managed",
      "type": "azurerm_windows_virtual_machine",
      "name": "vm_jumpbox_windows",
      "provider": "provider[\"registry.terraform.io/hashicorp/azurerm\"]",
      "instances": [
        {
          "index_key": 0,
          "schema_version": 0,
          "attributes": {
            "additional_capabilities": [],
            "additional_unattend_content": [],
            "admin_password": "@Aa123456789",
            "admin_username": "houssem",
            "allow_extension_operations": true,
            "availability_set_id": "",
            "boot_diagnostics": [
              {
                "storage_account_uri": ""
              }
            ],
            "capacity_reservation_group_id": "",
            "computer_name": "vm-jumpbox-win",
            "custom_data": null,
            "dedicated_host_group_id": "",
            "dedicated_host_id": "",
            "edge_zone": "",
            "enable_automatic_updates": true,
            "encryption_at_host_enabled": false,
            "eviction_policy": "",
            "extensions_time_budget": "PT1H30M",
            "gallery_application": [],
            "hotpatching_enabled": false,
            "id": "/subscriptions/82f6d75e-85f4-434a-ab74-5dddd9fa8910/resourceGroups/rg-spoke-mgt/providers/Microsoft.Compute/virtualMachines/vm-jumpbox-win",
            "identity": [],
            "license_type": "",
            "location": "westeurope",
            "max_bid_price": -1,
            "name": "vm-jumpbox-win",
            "network_interface_ids": [
              "/subscriptions/82f6d75e-85f4-434a-ab74-5dddd9fa8910/resourceGroups/rg-spoke-mgt/providers/Microsoft.Network/networkInterfaces/nic-vm-jumpbox-windows"
            ],
            "os_disk": [
              {
                "caching": "ReadWrite",
                "diff_disk_settings": [],
                "disk_encryption_set_id": "",
                "disk_size_gb": 127,
                "name": "vm-jumpbox-win_OsDisk_1_d7eb7cf2cbd84f5188cbfcbf20e464fd",
                "secure_vm_disk_encryption_set_id": "",
                "security_encryption_type": "",
                "storage_account_type": "StandardSSD_LRS",
                "write_accelerator_enabled": false
              }
            ],
            "patch_assessment_mode": "ImageDefault",
            "patch_mode": "AutomaticByOS",
            "plan": [],
            "platform_fault_domain": -1,
            "priority": "Regular",
            "private_ip_address": "10.2.0.4",
            "private_ip_addresses": [
              "10.2.0.4"
            ],
            "provision_vm_agent": true,
            "proximity_placement_group_id": "",
            "public_ip_address": "",
            "public_ip_addresses": [],
            "resource_group_name": "rg-spoke-mgt",
            "secret": [],
            "secure_boot_enabled": false,
            "size": "Standard_B2s",
            "source_image_id": "",
            "source_image_reference": [
              {
                "offer": "Windows-10",
                "publisher": "MicrosoftWindowsDesktop",
                "sku": "21h1-ent-g2",
                "version": "latest"
              }
            ],
            "tags": {},
            "termination_notification": [],
            "timeouts": null,
            "timezone": "",
            "user_data": "",
            "virtual_machine_id": "4b4224b8-a35c-40b6-8413-79f44db0ed75",
            "virtual_machine_scale_set_id": "",
            "vtpm_enabled": false,
            "winrm_listener": [],
            "zone": ""
          },
          "sensitive_attributes": [],
          "private": "eyJlMmJmYjczMC1lY2FhLTExZTYtOGY4OC0zNDM2M2JjN2M0YzAiOnsiY3JlYXRlIjoyNzAwMDAwMDAwMDAwLCJkZWxldGUiOjI3MDAwMDAwMDAwMDAsInJlYWQiOjMwMDAwMDAwMDAwMCwidXBkYXRlIjoyNzAwMDAwMDAwMDAwfX0=",
          "dependencies": [
            "azurerm_firewall.firewall",
            "azurerm_firewall_policy.firewall_policy",
            "azurerm_log_analytics_workspace.workspace",
            "azurerm_network_interface.nic_vm_jumpbox_windows",
            "azurerm_public_ip.public_ip_firewall",
            "azurerm_resource_group.rg_hub",
            "azurerm_resource_group.rg_spoke_app",
            "azurerm_resource_group.rg_spoke_mgt",
            "azurerm_subnet.subnet_firewall",
            "azurerm_subnet.subnet_mgt",
            "azurerm_virtual_network.vnet_hub",
            "azurerm_virtual_network.vnet_spoke_mgt"
          ]
        }
      ]
    }
  ],
  "check_results": null
}
