{
  "version": 4,
  "terraform_version": "1.3.1",
  "serial": 3663,
  "lineage": "9268efdd-8273-4738-c0f5-4879d4da320e",
  "outputs": {
    "aks_identity": {
      "value": "",
      "type": "string"
    },
    "aks_oidc_issuer_url": {
      "value": "https://westeurope.oic.prod-aks.azure.com/558506eb-9459-4ef3-b920-ad55c555e729/c11ee1d2-7588-4206-88ca-f479ee5ed0d0/",
      "type": "string"
    },
    "aks_portal_fqdn": {
      "value": "29e65113dabf04f2aa1ca1a2c728ca1b-priv.portal.hcp.westeurope.azmk8s.io",
      "type": "string"
    },
    "aks_private_fqdn": {
      "value": "aks-06d90e76.privatelink.westeurope.azmk8s.io",
      "type": "string"
    },
    "aks_public_fqdn": {
      "value": "",
      "type": "string"
    },
    "app_gateway_ip_address": {
      "value": "Application Gateway is disabled",
      "type": "string"
    },
    "client_certificate": {
      "value": "",
      "type": "string",
      "sensitive": true
    },
    "client_key": {
      "value": "",
      "type": "string",
      "sensitive": true
    },
    "cluster_ca_certificate": {
      "value": "LS0tLS1CRUdJTiBDRVJUSUZJQ0FURS0tLS0tCk1JSUU2VENDQXRHZ0F3SUJBZ0lSQU5qYlJYUVB4VGoxTmpIRytxWk5pRWt3RFFZSktvWklodmNOQVFFTEJRQXcKRFRFTE1Ba0dBMVVFQXhNQ1kyRXdJQmNOTWpJeE1ERXhNRGcxT0RVeldoZ1BNakExTWpFd01URXdPVEE0TlROYQpNQTB4Q3pBSkJnTlZCQU1UQW1OaE1JSUNJakFOQmdrcWhraUc5dzBCQVFFRkFBT0NBZzhBTUlJQ0NnS0NBZ0VBCjg5eVZMRjV2V1pDa1o4aUNsVS9aRDNoSGVES3huVFRDSGVCZUpoWThQMEZrWXBRMGZqbGU1ZVB1RE9JRldqWSsKazJRNFlHbDVqbHAxTmZiZEh4WDY4ZXZCYVJpYmxuV0lhQUlPRmFFcGZxTjdOckI5L1lMM1o1NnlNQzErak9rUQo1TmV6Tjg3WTc5cG5HRXE5YWZIYUNlTHQvbE5lVUNCZjJwTVB2MmtWWFdqUW9GRFdJTW1RaUFkeldJand1eDllCmNZNWh4aElGVkNGcVBqQ2k0VW51S1dJZzlaVWNCWXF2MUc3M2NSS2lpcGkxSUl0bHNDYzVOaHNWQ0x1L1crVm8Kc1NwTG5DenRQcEluUTQ5WFRoWmYyaEp6eXV0VXFHVGJQOEpYNUttcmZzREVzblM3OWRIUUd1WTY1UEVGWnQxZwpyd1dKcktmL095SWgwSVhMMCtDS3RoeUJFbHBIdXFMYUNsNnFuTG03UlRNYnlHbEkzNENKM1dLZGlYYWFSdHMxCndMWGdRRXEwTCthQ21lTXdDSGdNNjluOGh5cmV1ZVRGZHhXb2xPb0VCL0hZTGJlL1dWbldRVllMak9oeEV5amgKTmZTOFVzOUs3bjZjUTFUT0pwRkM0ak84Z3p2ZEZMY004a29OU3JZZUd0aG11ZEhpVEtyWlFCYTV0OFNteW8wRgpRUC9PcThlRWVxYjN1dStDdVlaWHIxMmRHMFNTZVFpeEc3NlBqeFpKS3VERkVqUCtGMVlIZ09rQVovUDF1UEo0CmpJV3M0Um1yRWQrTFMwam5QVGFxU09FeDg5L21pZFBxNGNWZ1JKQ0VsVVRKZ0xQV0lzbjI3UTFJNXlOcU5OMnoKbnhaS1N6OHBTM1JKMDd3TGxRSmJmc3NTUno2eVB1bTJuZ0dyR0VlaU5na0NBd0VBQWFOQ01FQXdEZ1lEVlIwUApBUUgvQkFRREFnS2tNQThHQTFVZEV3RUIvd1FGTUFNQkFmOHdIUVlEVlIwT0JCWUVGSEdPdUZlOWY3NDhmQjRUCmd6MmRNdEZTL0hQa01BMEdDU3FHU0liM0RRRUJDd1VBQTRJQ0FRQ1FZcFpZOW4rY3FJVGNyUXIrNzRCbU9XeDEKMXpqZXUzMERkSmh2elVJZ3NvWFcxWTV0Vnk0VGh4eGZKeVFFeGJidUxPNVRLWnZzRW9lakd6MGVMbmlyWnV2KwpUMFVobGZ2WVNPb0NVeHROSXB4b3p2NVRQSVQ5Y3hndFIrRG52bCt6dmdqNFJVZ3pzR2Jnb2JGMklyQjhpWkZYClJCWE9aNW1SbmErYUk5WHNnSXNHZDZGc0xkeERMVjUzcVZQSGVydmhLZjRQYTNadWJkektUWk51QWVWTGZTd0MKZURXclpCRHBzMlpwbHM0WEcxUEVHcDR1NFIzQWpsSWdQZHZxV1V5dzlLVFppcGl3NUdYZWFoWGFMZVFqVEVGZApuUWU4bE5ObVk4ZzdQb3NrM2dtNDlqTVlkM28xRnhlUVZwYjJsRWkxSDcrMEdpU2x1VmZ0V1R4dEFiQXVKWXVvCnZPdlJwSkhZb3p3RDNsOUtlR0JWd29pUzhhT3lwZzN0QW00VkdKM2NLWWwxWTBDdU5aeXdsN0h3L3hPNmp2bWoKK2pxd2dPKzJwdUdJUU9wWnBTQklOdDZOalk5SFR6WGxpZm0xLy9FdmFVT0lYM3ZZMzBaOHY4SHQzRmt6MVEzMgovV0NHZVhVdm95L0xvMFdSQXhHc1U3Z2wyN0FlL0VmcEUwaEtLWDRucnNYVWxTaEhYbXRPVzNtMkdaRWZWZEdtCktuNFhGY0JreXV4bVlZc0hDMkV6UytjMXoySFRvS24yQ3RQYXdtVUszWTkzVzZGUHZqc0NzRVk1dEJTQkFlUG0KK1hsb0NseWxDbDd6SUtvVm90cVFmZUs4UFY3N1lZaDVpeDZiLzVyWUsyZzhkbnJoUm05cFpmWUFqdUpsWTNUbgpHdDJtbFc3Wmx3N1FhOVluU3c9PQotLS0tLUVORCBDRVJUSUZJQ0FURS0tLS0tCg==",
      "type": "string",
      "sensitive": true
    },
    "cluster_password": {
      "value": "",
      "type": "string",
      "sensitive": true
    },
    "cluster_username": {
      "value": "clusterUser_rg-aks-cluster_aks-cluster",
      "type": "string",
      "sensitive": true
    },
    "host": {
      "value": "https://aks-06d90e76.privatelink.westeurope.azmk8s.io:443",
      "type": "string",
      "sensitive": true
    },
    "kube_config": {
      "value": "apiVersion: v1\nclusters:\n- cluster:\n    certificate-authority-data: LS0tLS1CRUdJTiBDRVJUSUZJQ0FURS0tLS0tCk1JSUU2VENDQXRHZ0F3SUJBZ0lSQU5qYlJYUVB4VGoxTmpIRytxWk5pRWt3RFFZSktvWklodmNOQVFFTEJRQXcKRFRFTE1Ba0dBMVVFQXhNQ1kyRXdJQmNOTWpJeE1ERXhNRGcxT0RVeldoZ1BNakExTWpFd01URXdPVEE0TlROYQpNQTB4Q3pBSkJnTlZCQU1UQW1OaE1JSUNJakFOQmdrcWhraUc5dzBCQVFFRkFBT0NBZzhBTUlJQ0NnS0NBZ0VBCjg5eVZMRjV2V1pDa1o4aUNsVS9aRDNoSGVES3huVFRDSGVCZUpoWThQMEZrWXBRMGZqbGU1ZVB1RE9JRldqWSsKazJRNFlHbDVqbHAxTmZiZEh4WDY4ZXZCYVJpYmxuV0lhQUlPRmFFcGZxTjdOckI5L1lMM1o1NnlNQzErak9rUQo1TmV6Tjg3WTc5cG5HRXE5YWZIYUNlTHQvbE5lVUNCZjJwTVB2MmtWWFdqUW9GRFdJTW1RaUFkeldJand1eDllCmNZNWh4aElGVkNGcVBqQ2k0VW51S1dJZzlaVWNCWXF2MUc3M2NSS2lpcGkxSUl0bHNDYzVOaHNWQ0x1L1crVm8Kc1NwTG5DenRQcEluUTQ5WFRoWmYyaEp6eXV0VXFHVGJQOEpYNUttcmZzREVzblM3OWRIUUd1WTY1UEVGWnQxZwpyd1dKcktmL095SWgwSVhMMCtDS3RoeUJFbHBIdXFMYUNsNnFuTG03UlRNYnlHbEkzNENKM1dLZGlYYWFSdHMxCndMWGdRRXEwTCthQ21lTXdDSGdNNjluOGh5cmV1ZVRGZHhXb2xPb0VCL0hZTGJlL1dWbldRVllMak9oeEV5amgKTmZTOFVzOUs3bjZjUTFUT0pwRkM0ak84Z3p2ZEZMY004a29OU3JZZUd0aG11ZEhpVEtyWlFCYTV0OFNteW8wRgpRUC9PcThlRWVxYjN1dStDdVlaWHIxMmRHMFNTZVFpeEc3NlBqeFpKS3VERkVqUCtGMVlIZ09rQVovUDF1UEo0CmpJV3M0Um1yRWQrTFMwam5QVGFxU09FeDg5L21pZFBxNGNWZ1JKQ0VsVVRKZ0xQV0lzbjI3UTFJNXlOcU5OMnoKbnhaS1N6OHBTM1JKMDd3TGxRSmJmc3NTUno2eVB1bTJuZ0dyR0VlaU5na0NBd0VBQWFOQ01FQXdEZ1lEVlIwUApBUUgvQkFRREFnS2tNQThHQTFVZEV3RUIvd1FGTUFNQkFmOHdIUVlEVlIwT0JCWUVGSEdPdUZlOWY3NDhmQjRUCmd6MmRNdEZTL0hQa01BMEdDU3FHU0liM0RRRUJDd1VBQTRJQ0FRQ1FZcFpZOW4rY3FJVGNyUXIrNzRCbU9XeDEKMXpqZXUzMERkSmh2elVJZ3NvWFcxWTV0Vnk0VGh4eGZKeVFFeGJidUxPNVRLWnZzRW9lakd6MGVMbmlyWnV2KwpUMFVobGZ2WVNPb0NVeHROSXB4b3p2NVRQSVQ5Y3hndFIrRG52bCt6dmdqNFJVZ3pzR2Jnb2JGMklyQjhpWkZYClJCWE9aNW1SbmErYUk5WHNnSXNHZDZGc0xkeERMVjUzcVZQSGVydmhLZjRQYTNadWJkektUWk51QWVWTGZTd0MKZURXclpCRHBzMlpwbHM0WEcxUEVHcDR1NFIzQWpsSWdQZHZxV1V5dzlLVFppcGl3NUdYZWFoWGFMZVFqVEVGZApuUWU4bE5ObVk4ZzdQb3NrM2dtNDlqTVlkM28xRnhlUVZwYjJsRWkxSDcrMEdpU2x1VmZ0V1R4dEFiQXVKWXVvCnZPdlJwSkhZb3p3RDNsOUtlR0JWd29pUzhhT3lwZzN0QW00VkdKM2NLWWwxWTBDdU5aeXdsN0h3L3hPNmp2bWoKK2pxd2dPKzJwdUdJUU9wWnBTQklOdDZOalk5SFR6WGxpZm0xLy9FdmFVT0lYM3ZZMzBaOHY4SHQzRmt6MVEzMgovV0NHZVhVdm95L0xvMFdSQXhHc1U3Z2wyN0FlL0VmcEUwaEtLWDRucnNYVWxTaEhYbXRPVzNtMkdaRWZWZEdtCktuNFhGY0JreXV4bVlZc0hDMkV6UytjMXoySFRvS24yQ3RQYXdtVUszWTkzVzZGUHZqc0NzRVk1dEJTQkFlUG0KK1hsb0NseWxDbDd6SUtvVm90cVFmZUs4UFY3N1lZaDVpeDZiLzVyWUsyZzhkbnJoUm05cFpmWUFqdUpsWTNUbgpHdDJtbFc3Wmx3N1FhOVluU3c9PQotLS0tLUVORCBDRVJUSUZJQ0FURS0tLS0tCg==\n    server: https://aks-06d90e76.privatelink.westeurope.azmk8s.io:443\n  name: aks-cluster\ncontexts:\n- context:\n    cluster: aks-cluster\n    user: clusterUser_rg-aks-cluster_aks-cluster\n  name: aks-cluster\ncurrent-context: aks-cluster\nkind: Config\npreferences: {}\nusers:\n- name: clusterUser_rg-aks-cluster_aks-cluster\n  user:\n    exec:\n      apiVersion: client.authentication.k8s.io/v1beta1\n      args:\n      - get-token\n      - --environment\n      - AzurePublicCloud\n      - --server-id\n      - 6dae42f8-4368-4678-94ff-3960e28e3630\n      - --client-id\n      - 80faf920-1908-4b52-b5ef-a8e7bedfc67a\n      - --tenant-id\n      - 558506eb-9459-4ef3-b920-ad55c555e729\n      - --login\n      - devicecode\n      command: kubelogin\n      env: null\n      provideClusterInfo: false\n",
      "type": "string",
      "sensitive": true
    },
    "nat_gateway_ip_address": {
      "value": "20.56.94.190",
      "type": "string"
    },
    "private_dns_zone_aks_id": {
      "value": "/subscriptions/59d574d4-1c03-4092-ab22-312ed594eec9/resourceGroups/rg-aks-cluster/providers/Microsoft.Network/privateDnsZones/privatelink.westeurope.azmk8s.io",
      "type": "string"
    },
    "private_dns_zone_aks_name": {
      "value": "privatelink.westeurope.azmk8s.io",
      "type": "string"
    },
    "rg_aks": {
      "value": "rg-aks-cluster",
      "type": "string"
    },
    "rg_aks_nodes": {
      "value": "rg-aks-cluster-managed",
      "type": "string"
    }
  },
  "resources": [
    {
      "mode": "data",
      "type": "azuread_client_config",
      "name": "current",
      "provider": "provider[\"registry.terraform.io/hashicorp/azuread\"]",
      "instances": [
        {
          "schema_version": 0,
          "attributes": {
            "client_id": "04b07795-8ddb-461a-bbee-02f9e1bf7b46",
            "id": "558506eb-9459-4ef3-b920-ad55c555e729-04b07795-8ddb-461a-bbee-02f9e1bf7b46-f97fc9ba-ebda-439e-825a-0e25801cb32c",
            "object_id": "f97fc9ba-ebda-439e-825a-0e25801cb32c",
            "tenant_id": "558506eb-9459-4ef3-b920-ad55c555e729",
            "timeouts": null
          },
          "sensitive_attributes": []
        }
      ]
    },
    {
      "mode": "data",
      "type": "azuread_service_principal",
      "name": "aks_aad_server",
      "provider": "provider[\"registry.terraform.io/hashicorp/azuread\"]",
      "instances": [
        {
          "schema_version": 0,
          "attributes": {
            "account_enabled": true,
            "alternative_names": [],
            "app_role_assignment_required": false,
            "app_role_ids": {},
            "app_roles": [],
            "application_id": "6dae42f8-4368-4678-94ff-3960e28e3630",
            "application_tenant_id": "f8cdef31-a31e-4b4a-93e4-5f571e91255a",
            "description": "",
            "display_name": "Azure Kubernetes Service AAD Server",
            "feature_tags": [
              {
                "custom_single_sign_on": false,
                "enterprise": false,
                "gallery": false,
                "hide": false
              }
            ],
            "features": [
              {
                "custom_single_sign_on_app": false,
                "enterprise_application": false,
                "gallery_application": false,
                "visible_to_users": true
              }
            ],
            "homepage_url": "",
            "id": "5dc776ad-9525-4afd-ad24-334e21ad710e",
            "login_url": "",
            "logout_url": "",
            "notes": "",
            "notification_email_addresses": [],
            "oauth2_permission_scope_ids": {
              "user.read": "34a47c2f-cd0d-47b4-a93c-2c41130c671c"
            },
            "oauth2_permission_scopes": [
              {
                "admin_consent_description": "this allows to read user profile",
                "admin_consent_display_name": "user.read",
                "enabled": true,
                "id": "34a47c2f-cd0d-47b4-a93c-2c41130c671c",
                "type": "User",
                "user_consent_description": "this allows to read user profile",
                "user_consent_display_name": "user.read",
                "value": "user.read"
              }
            ],
            "object_id": "5dc776ad-9525-4afd-ad24-334e21ad710e",
            "preferred_single_sign_on_mode": "",
            "redirect_uris": [],
            "saml_metadata_url": "",
            "saml_single_sign_on": [],
            "service_principal_names": [
              "https://aks-aad-server.azure.com"
            ],
            "sign_in_audience": "AzureADMultipleOrgs",
            "tags": [],
            "timeouts": null,
            "type": "Application"
          },
          "sensitive_attributes": []
        }
      ]
    },
    {
      "mode": "data",
      "type": "azurerm_client_config",
      "name": "current",
      "provider": "provider[\"registry.terraform.io/hashicorp/azurerm\"]",
      "instances": [
        {
          "schema_version": 0,
          "attributes": {
            "client_id": "04b07795-8ddb-461a-bbee-02f9e1bf7b46",
            "id": "Y2xpZW50Q29uZmlncy9jbGllbnRJZD0wNGIwNzc5NS04ZGRiLTQ2MWEtYmJlZS0wMmY5ZTFiZjdiNDY7b2JqZWN0SWQ9Zjk3ZmM5YmEtZWJkYS00MzllLTgyNWEtMGUyNTgwMWNiMzJjO3N1YnNjcmlwdGlvbklkPTU5ZDU3NGQ0LTFjMDMtNDA5Mi1hYjIyLTMxMmVkNTk0ZWVjOTt0ZW5hbnRJZD01NTg1MDZlYi05NDU5LTRlZjMtYjkyMC1hZDU1YzU1NWU3Mjk=",
            "object_id": "f97fc9ba-ebda-439e-825a-0e25801cb32c",
            "subscription_id": "59d574d4-1c03-4092-ab22-312ed594eec9",
            "tenant_id": "558506eb-9459-4ef3-b920-ad55c555e729",
            "timeouts": null
          },
          "sensitive_attributes": []
        }
      ]
    },
    {
      "mode": "data",
      "type": "azurerm_kubernetes_service_versions",
      "name": "current",
      "provider": "provider[\"registry.terraform.io/hashicorp/azurerm\"]",
      "instances": [
        {
          "schema_version": 0,
          "attributes": {
            "id": "/subscriptions/59d574d4-1c03-4092-ab22-312ed594eec9/providers/Microsoft.ContainerService/locations/westeurope/orchestrators",
            "include_preview": true,
            "latest_version": "1.24.6",
            "location": "westeurope",
            "timeouts": null,
            "version_prefix": null,
            "versions": [
              "1.22.11",
              "1.22.15",
              "1.23.8",
              "1.23.12",
              "1.24.3",
              "1.24.6"
            ]
          },
          "sensitive_attributes": []
        }
      ]
    },
    {
      "mode": "data",
      "type": "azurerm_subscription",
      "name": "current",
      "provider": "provider[\"registry.terraform.io/hashicorp/azurerm\"]",
      "instances": [
        {
          "schema_version": 0,
          "attributes": {
            "display_name": "Microsoft-Azure-6",
            "id": "/subscriptions/59d574d4-1c03-4092-ab22-312ed594eec9",
            "location_placement_id": "Public_2014-09-01",
            "quota_id": "MSDN_2014-09-01",
            "spending_limit": "On",
            "state": "Enabled",
            "subscription_id": "59d574d4-1c03-4092-ab22-312ed594eec9",
            "tags": {},
            "tenant_id": "558506eb-9459-4ef3-b920-ad55c555e729",
            "timeouts": null
          },
          "sensitive_attributes": []
        }
      ]
    },
    {
      "mode": "managed",
      "type": "azuread_group",
      "name": "aks_admins",
      "provider": "provider[\"registry.terraform.io/hashicorp/azuread\"]",
      "instances": [
        {
          "index_key": 0,
          "schema_version": 0,
          "attributes": {
            "assignable_to_role": false,
            "auto_subscribe_new_members": false,
            "behaviors": [],
            "description": "",
            "display_name": "group_aks_admins",
            "dynamic_membership": [],
            "external_senders_allowed": false,
            "hide_from_address_lists": false,
            "hide_from_outlook_clients": false,
            "id": "53b979de-9f73-4601-b5c8-b3a7093f2e15",
            "mail": "",
            "mail_enabled": false,
            "mail_nickname": "1210dd5f-2",
            "members": [
              "f97fc9ba-ebda-439e-825a-0e25801cb32c"
            ],
            "object_id": "53b979de-9f73-4601-b5c8-b3a7093f2e15",
            "onpremises_domain_name": "",
            "onpremises_netbios_name": "",
            "onpremises_sam_account_name": "",
            "onpremises_security_identifier": "",
            "onpremises_sync_enabled": false,
            "owners": [
              "f97fc9ba-ebda-439e-825a-0e25801cb32c"
            ],
            "preferred_language": "",
            "prevent_duplicate_names": false,
            "provisioning_options": [],
            "proxy_addresses": [],
            "security_enabled": true,
            "theme": "",
            "timeouts": null,
            "types": [],
            "visibility": ""
          },
          "sensitive_attributes": [],
          "private": "eyJlMmJmYjczMC1lY2FhLTExZTYtOGY4OC0zNDM2M2JjN2M0YzAiOnsiY3JlYXRlIjoxMjAwMDAwMDAwMDAwLCJkZWxldGUiOjMwMDAwMDAwMDAwMCwicmVhZCI6MzAwMDAwMDAwMDAwLCJ1cGRhdGUiOjEyMDAwMDAwMDAwMDB9fQ==",
          "dependencies": [
            "data.azuread_client_config.current"
          ]
        }
      ]
    },
    {
      "mode": "managed",
      "type": "azurerm_bastion_host",
      "name": "bastion_host",
      "provider": "provider[\"registry.terraform.io/hashicorp/azurerm\"]",
      "instances": [
        {
          "index_key": 0,
          "schema_version": 0,
          "attributes": {
            "copy_paste_enabled": true,
            "dns_name": "bst-6bd6ae13-576f-4c65-b264-3728fcab0c65.bastion.azure.com",
            "file_copy_enabled": true,
            "id": "/subscriptions/59d574d4-1c03-4092-ab22-312ed594eec9/resourceGroups/rg-spoke-mgt/providers/Microsoft.Network/bastionHosts/bastion_host",
            "ip_configuration": [
              {
                "name": "configuration",
                "public_ip_address_id": "/subscriptions/59d574d4-1c03-4092-ab22-312ed594eec9/resourceGroups/rg-spoke-mgt/providers/Microsoft.Network/publicIPAddresses/public_ip_bastion",
                "subnet_id": "/subscriptions/59d574d4-1c03-4092-ab22-312ed594eec9/resourceGroups/rg-spoke/providers/Microsoft.Network/virtualNetworks/vnet-spoke/subnets/AzureBastionSubnet"
              }
            ],
            "ip_connect_enabled": false,
            "location": "westeurope",
            "name": "bastion_host",
            "resource_group_name": "rg-spoke-mgt",
            "scale_units": 2,
            "shareable_link_enabled": true,
            "sku": "Standard",
            "tags": {
              "environment": "development",
              "source": "terraform"
            },
            "timeouts": null,
            "tunneling_enabled": false
          },
          "sensitive_attributes": [],
          "private": "eyJlMmJmYjczMC1lY2FhLTExZTYtOGY4OC0zNDM2M2JjN2M0YzAiOnsiY3JlYXRlIjoxODAwMDAwMDAwMDAwLCJkZWxldGUiOjE4MDAwMDAwMDAwMDAsInJlYWQiOjMwMDAwMDAwMDAwMCwidXBkYXRlIjoxODAwMDAwMDAwMDAwfX0=",
          "dependencies": [
            "azurerm_public_ip.public_ip_bastion",
            "azurerm_resource_group.rg_spoke",
            "azurerm_resource_group.rg_spoke_mgt",
            "azurerm_subnet.subnet_bastion",
            "azurerm_virtual_network.vnet_spoke"
          ]
        }
      ]
    },
    {
      "mode": "managed",
      "type": "azurerm_container_registry",
      "name": "acr",
      "provider": "provider[\"registry.terraform.io/hashicorp/azurerm\"]",
      "instances": [
        {
          "schema_version": 2,
          "attributes": {
            "admin_enabled": false,
            "admin_password": "",
            "admin_username": "",
            "anonymous_pull_enabled": false,
            "data_endpoint_enabled": false,
            "encryption": [
              {
                "enabled": false,
                "identity_client_id": "",
                "key_vault_key_id": ""
              }
            ],
            "export_policy_enabled": true,
            "georeplications": [],
            "id": "/subscriptions/59d574d4-1c03-4092-ab22-312ed594eec9/resourceGroups/rg-spoke/providers/Microsoft.ContainerRegistry/registries/acrforakstf0111",
            "identity": [],
            "location": "westeurope",
            "login_server": "acrforakstf0111.azurecr.io",
            "name": "acrforakstf0111",
            "network_rule_bypass_option": "AzureServices",
            "network_rule_set": [
              {
                "default_action": "Allow",
                "ip_rule": [],
                "virtual_network": []
              }
            ],
            "public_network_access_enabled": true,
            "quarantine_policy_enabled": false,
            "resource_group_name": "rg-spoke",
            "retention_policy": [
              {
                "days": 7,
                "enabled": false
              }
            ],
            "sku": "Premium",
            "tags": {
              "environment": "development",
              "source": "terraform"
            },
            "timeouts": null,
            "trust_policy": [
              {
                "enabled": false
              }
            ],
            "zone_redundancy_enabled": false
          },
          "sensitive_attributes": [],
          "private": "eyJlMmJmYjczMC1lY2FhLTExZTYtOGY4OC0zNDM2M2JjN2M0YzAiOnsiY3JlYXRlIjoxODAwMDAwMDAwMDAwLCJkZWxldGUiOjE4MDAwMDAwMDAwMDAsInJlYWQiOjMwMDAwMDAwMDAwMCwidXBkYXRlIjoxODAwMDAwMDAwMDAwfSwic2NoZW1hX3ZlcnNpb24iOiIyIn0=",
          "dependencies": [
            "azurerm_resource_group.rg_spoke"
          ]
        }
      ]
    },
    {
      "mode": "managed",
      "type": "azurerm_firewall",
      "name": "firewall",
      "provider": "provider[\"registry.terraform.io/hashicorp/azurerm\"].subscription_hub",
      "instances": [
        {
          "index_key": 0,
          "schema_version": 0,
          "attributes": {
            "dns_servers": [],
            "firewall_policy_id": null,
            "id": "/subscriptions/4b72ed90-7ca3-4e76-8d0f-31a2c0bee7a3/resourceGroups/rg-hub/providers/Microsoft.Network/azureFirewalls/firewall-hub",
            "ip_configuration": [
              {
                "name": "configuration",
                "private_ip_address": "",
                "public_ip_address_id": "/subscriptions/4b72ed90-7ca3-4e76-8d0f-31a2c0bee7a3/resourceGroups/rg-hub/providers/Microsoft.Network/publicIPAddresses/public-ip-firewall",
                "subnet_id": "/subscriptions/4b72ed90-7ca3-4e76-8d0f-31a2c0bee7a3/resourceGroups/rg-hub/providers/Microsoft.Network/virtualNetworks/vnet-hub/subnets/AzureFirewallSubnet"
              }
            ],
            "location": "westeurope",
            "management_ip_configuration": [],
            "name": "firewall-hub",
            "private_ip_ranges": [],
            "resource_group_name": "rg-hub",
            "sku_name": "AZFW_VNet",
            "sku_tier": "Standard",
            "tags": {},
            "threat_intel_mode": "Alert",
            "timeouts": {
              "create": null,
              "delete": null,
              "read": null,
              "update": null
            },
            "virtual_hub": [],
            "zones": []
          },
          "sensitive_attributes": [],
          "private": "eyJlMmJmYjczMC1lY2FhLTExZTYtOGY4OC0zNDM2M2JjN2M0YzAiOnsiY3JlYXRlIjo1NDAwMDAwMDAwMDAwLCJkZWxldGUiOjU0MDAwMDAwMDAwMDAsInJlYWQiOjMwMDAwMDAwMDAwMCwidXBkYXRlIjo1NDAwMDAwMDAwMDAwfSwic2NoZW1hX3ZlcnNpb24iOiIwIn0=",
          "dependencies": [
            "azurerm_public_ip.public_ip_firewall",
            "azurerm_resource_group.rg_hub",
            "azurerm_subnet.subnet_firewall",
            "azurerm_virtual_network.vnet_hub"
          ]
        }
      ]
    },
    {
      "mode": "managed",
      "type": "azurerm_kubernetes_cluster",
      "name": "aks",
      "provider": "provider[\"registry.terraform.io/hashicorp/azurerm\"]",
      "instances": [
        {
          "schema_version": 2,
          "attributes": {
            "aci_connector_linux": [],
            "api_server_authorized_ip_ranges": [],
            "auto_scaler_profile": [
              {
                "balance_similar_node_groups": false,
                "empty_bulk_delete_max": "10",
                "expander": "random",
                "max_graceful_termination_sec": "600",
                "max_node_provisioning_time": "15m",
                "max_unready_nodes": 3,
                "max_unready_percentage": 45,
                "new_pod_scale_up_delay": "0s",
                "scale_down_delay_after_add": "10m",
                "scale_down_delay_after_delete": "10s",
                "scale_down_delay_after_failure": "3m",
                "scale_down_unneeded": "10m",
                "scale_down_unready": "20m",
                "scale_down_utilization_threshold": "0.5",
                "scan_interval": "10s",
                "skip_nodes_with_local_storage": false,
                "skip_nodes_with_system_pods": true
              }
            ],
            "automatic_channel_upgrade": "node-image",
            "azure_active_directory_role_based_access_control": [
              {
                "admin_group_object_ids": [
                  "53b979de-9f73-4601-b5c8-b3a7093f2e15"
                ],
                "azure_rbac_enabled": true,
                "client_app_id": "",
                "managed": true,
                "server_app_id": "",
                "server_app_secret": "",
                "tenant_id": "558506eb-9459-4ef3-b920-ad55c555e729"
              }
            ],
            "azure_policy_enabled": true,
            "default_node_pool": [
              {
                "capacity_reservation_group_id": "",
                "enable_auto_scaling": true,
                "enable_host_encryption": false,
                "enable_node_public_ip": false,
                "fips_enabled": false,
                "host_group_id": "",
                "kubelet_config": [],
                "kubelet_disk_type": "OS",
                "linux_os_config": [],
                "max_count": 2,
                "max_pods": 110,
                "message_of_the_day": "Hello from Azure AKS cluster!",
                "min_count": 1,
                "name": "poolsystem",
                "node_count": 2,
                "node_labels": {},
                "node_public_ip_prefix_id": "",
                "node_taints": [],
                "only_critical_addons_enabled": true,
                "orchestrator_version": "",
                "os_disk_size_gb": 40,
                "os_disk_type": "Ephemeral",
                "os_sku": "Ubuntu",
                "pod_subnet_id": "/subscriptions/59d574d4-1c03-4092-ab22-312ed594eec9/resourceGroups/rg-spoke/providers/Microsoft.Network/virtualNetworks/vnet-spoke/subnets/subnet-aks-pods",
                "proximity_placement_group_id": "",
                "scale_down_mode": "Delete",
                "tags": {
                  "environment": "development",
                  "source": "terraform"
                },
                "type": "VirtualMachineScaleSets",
                "ultra_ssd_enabled": false,
                "upgrade_settings": [],
                "vm_size": "Standard_D2ds_v5",
                "vnet_subnet_id": "/subscriptions/59d574d4-1c03-4092-ab22-312ed594eec9/resourceGroups/rg-spoke/providers/Microsoft.Network/virtualNetworks/vnet-spoke/subnets/subnet-aks-nodes",
                "workload_runtime": "OCIContainer",
                "zones": [
                  "1",
                  "2",
                  "3"
                ]
              }
            ],
            "disk_encryption_set_id": "",
            "dns_prefix": "aks",
            "dns_prefix_private_cluster": "",
            "edge_zone": "",
            "enable_pod_security_policy": false,
            "fqdn": "",
            "http_application_routing_enabled": false,
            "http_application_routing_zone_name": "",
            "http_proxy_config": [],
            "id": "/subscriptions/59d574d4-1c03-4092-ab22-312ed594eec9/resourceGroups/rg-aks-cluster/providers/Microsoft.ContainerService/managedClusters/aks-cluster",
            "identity": [
              {
                "identity_ids": [
                  "/subscriptions/59d574d4-1c03-4092-ab22-312ed594eec9/resourceGroups/rg-aks-cluster/providers/Microsoft.ManagedIdentity/userAssignedIdentities/identity_aks"
                ],
                "principal_id": "",
                "tenant_id": "",
                "type": "UserAssigned"
              }
            ],
            "ingress_application_gateway": [],
            "key_vault_secrets_provider": [
              {
                "secret_identity": [
                  {
                    "client_id": "761a333b-bbed-43f1-9cac-0b19f9fd5ff7",
                    "object_id": "fa5f3204-1347-4e57-b51b-5b4b8a6c52d5",
                    "user_assigned_identity_id": "/subscriptions/59d574d4-1c03-4092-ab22-312ed594eec9/resourcegroups/rg-aks-cluster-managed/providers/Microsoft.ManagedIdentity/userAssignedIdentities/azurekeyvaultsecretsprovider-aks-cluster"
                  }
                ],
                "secret_rotation_enabled": true,
                "secret_rotation_interval": "2m"
              }
            ],
            "kube_admin_config": [],
            "kube_admin_config_raw": "",
            "kube_config": [
              {
                "client_certificate": "",
                "client_key": "",
                "cluster_ca_certificate": "LS0tLS1CRUdJTiBDRVJUSUZJQ0FURS0tLS0tCk1JSUU2VENDQXRHZ0F3SUJBZ0lSQU5qYlJYUVB4VGoxTmpIRytxWk5pRWt3RFFZSktvWklodmNOQVFFTEJRQXcKRFRFTE1Ba0dBMVVFQXhNQ1kyRXdJQmNOTWpJeE1ERXhNRGcxT0RVeldoZ1BNakExTWpFd01URXdPVEE0TlROYQpNQTB4Q3pBSkJnTlZCQU1UQW1OaE1JSUNJakFOQmdrcWhraUc5dzBCQVFFRkFBT0NBZzhBTUlJQ0NnS0NBZ0VBCjg5eVZMRjV2V1pDa1o4aUNsVS9aRDNoSGVES3huVFRDSGVCZUpoWThQMEZrWXBRMGZqbGU1ZVB1RE9JRldqWSsKazJRNFlHbDVqbHAxTmZiZEh4WDY4ZXZCYVJpYmxuV0lhQUlPRmFFcGZxTjdOckI5L1lMM1o1NnlNQzErak9rUQo1TmV6Tjg3WTc5cG5HRXE5YWZIYUNlTHQvbE5lVUNCZjJwTVB2MmtWWFdqUW9GRFdJTW1RaUFkeldJand1eDllCmNZNWh4aElGVkNGcVBqQ2k0VW51S1dJZzlaVWNCWXF2MUc3M2NSS2lpcGkxSUl0bHNDYzVOaHNWQ0x1L1crVm8Kc1NwTG5DenRQcEluUTQ5WFRoWmYyaEp6eXV0VXFHVGJQOEpYNUttcmZzREVzblM3OWRIUUd1WTY1UEVGWnQxZwpyd1dKcktmL095SWgwSVhMMCtDS3RoeUJFbHBIdXFMYUNsNnFuTG03UlRNYnlHbEkzNENKM1dLZGlYYWFSdHMxCndMWGdRRXEwTCthQ21lTXdDSGdNNjluOGh5cmV1ZVRGZHhXb2xPb0VCL0hZTGJlL1dWbldRVllMak9oeEV5amgKTmZTOFVzOUs3bjZjUTFUT0pwRkM0ak84Z3p2ZEZMY004a29OU3JZZUd0aG11ZEhpVEtyWlFCYTV0OFNteW8wRgpRUC9PcThlRWVxYjN1dStDdVlaWHIxMmRHMFNTZVFpeEc3NlBqeFpKS3VERkVqUCtGMVlIZ09rQVovUDF1UEo0CmpJV3M0Um1yRWQrTFMwam5QVGFxU09FeDg5L21pZFBxNGNWZ1JKQ0VsVVRKZ0xQV0lzbjI3UTFJNXlOcU5OMnoKbnhaS1N6OHBTM1JKMDd3TGxRSmJmc3NTUno2eVB1bTJuZ0dyR0VlaU5na0NBd0VBQWFOQ01FQXdEZ1lEVlIwUApBUUgvQkFRREFnS2tNQThHQTFVZEV3RUIvd1FGTUFNQkFmOHdIUVlEVlIwT0JCWUVGSEdPdUZlOWY3NDhmQjRUCmd6MmRNdEZTL0hQa01BMEdDU3FHU0liM0RRRUJDd1VBQTRJQ0FRQ1FZcFpZOW4rY3FJVGNyUXIrNzRCbU9XeDEKMXpqZXUzMERkSmh2elVJZ3NvWFcxWTV0Vnk0VGh4eGZKeVFFeGJidUxPNVRLWnZzRW9lakd6MGVMbmlyWnV2KwpUMFVobGZ2WVNPb0NVeHROSXB4b3p2NVRQSVQ5Y3hndFIrRG52bCt6dmdqNFJVZ3pzR2Jnb2JGMklyQjhpWkZYClJCWE9aNW1SbmErYUk5WHNnSXNHZDZGc0xkeERMVjUzcVZQSGVydmhLZjRQYTNadWJkektUWk51QWVWTGZTd0MKZURXclpCRHBzMlpwbHM0WEcxUEVHcDR1NFIzQWpsSWdQZHZxV1V5dzlLVFppcGl3NUdYZWFoWGFMZVFqVEVGZApuUWU4bE5ObVk4ZzdQb3NrM2dtNDlqTVlkM28xRnhlUVZwYjJsRWkxSDcrMEdpU2x1VmZ0V1R4dEFiQXVKWXVvCnZPdlJwSkhZb3p3RDNsOUtlR0JWd29pUzhhT3lwZzN0QW00VkdKM2NLWWwxWTBDdU5aeXdsN0h3L3hPNmp2bWoKK2pxd2dPKzJwdUdJUU9wWnBTQklOdDZOalk5SFR6WGxpZm0xLy9FdmFVT0lYM3ZZMzBaOHY4SHQzRmt6MVEzMgovV0NHZVhVdm95L0xvMFdSQXhHc1U3Z2wyN0FlL0VmcEUwaEtLWDRucnNYVWxTaEhYbXRPVzNtMkdaRWZWZEdtCktuNFhGY0JreXV4bVlZc0hDMkV6UytjMXoySFRvS24yQ3RQYXdtVUszWTkzVzZGUHZqc0NzRVk1dEJTQkFlUG0KK1hsb0NseWxDbDd6SUtvVm90cVFmZUs4UFY3N1lZaDVpeDZiLzVyWUsyZzhkbnJoUm05cFpmWUFqdUpsWTNUbgpHdDJtbFc3Wmx3N1FhOVluU3c9PQotLS0tLUVORCBDRVJUSUZJQ0FURS0tLS0tCg==",
                "host": "https://aks-06d90e76.privatelink.westeurope.azmk8s.io:443",
                "password": "",
                "username": "clusterUser_rg-aks-cluster_aks-cluster"
              }
            ],
            "kube_config_raw": "apiVersion: v1\nclusters:\n- cluster:\n    certificate-authority-data: LS0tLS1CRUdJTiBDRVJUSUZJQ0FURS0tLS0tCk1JSUU2VENDQXRHZ0F3SUJBZ0lSQU5qYlJYUVB4VGoxTmpIRytxWk5pRWt3RFFZSktvWklodmNOQVFFTEJRQXcKRFRFTE1Ba0dBMVVFQXhNQ1kyRXdJQmNOTWpJeE1ERXhNRGcxT0RVeldoZ1BNakExTWpFd01URXdPVEE0TlROYQpNQTB4Q3pBSkJnTlZCQU1UQW1OaE1JSUNJakFOQmdrcWhraUc5dzBCQVFFRkFBT0NBZzhBTUlJQ0NnS0NBZ0VBCjg5eVZMRjV2V1pDa1o4aUNsVS9aRDNoSGVES3huVFRDSGVCZUpoWThQMEZrWXBRMGZqbGU1ZVB1RE9JRldqWSsKazJRNFlHbDVqbHAxTmZiZEh4WDY4ZXZCYVJpYmxuV0lhQUlPRmFFcGZxTjdOckI5L1lMM1o1NnlNQzErak9rUQo1TmV6Tjg3WTc5cG5HRXE5YWZIYUNlTHQvbE5lVUNCZjJwTVB2MmtWWFdqUW9GRFdJTW1RaUFkeldJand1eDllCmNZNWh4aElGVkNGcVBqQ2k0VW51S1dJZzlaVWNCWXF2MUc3M2NSS2lpcGkxSUl0bHNDYzVOaHNWQ0x1L1crVm8Kc1NwTG5DenRQcEluUTQ5WFRoWmYyaEp6eXV0VXFHVGJQOEpYNUttcmZzREVzblM3OWRIUUd1WTY1UEVGWnQxZwpyd1dKcktmL095SWgwSVhMMCtDS3RoeUJFbHBIdXFMYUNsNnFuTG03UlRNYnlHbEkzNENKM1dLZGlYYWFSdHMxCndMWGdRRXEwTCthQ21lTXdDSGdNNjluOGh5cmV1ZVRGZHhXb2xPb0VCL0hZTGJlL1dWbldRVllMak9oeEV5amgKTmZTOFVzOUs3bjZjUTFUT0pwRkM0ak84Z3p2ZEZMY004a29OU3JZZUd0aG11ZEhpVEtyWlFCYTV0OFNteW8wRgpRUC9PcThlRWVxYjN1dStDdVlaWHIxMmRHMFNTZVFpeEc3NlBqeFpKS3VERkVqUCtGMVlIZ09rQVovUDF1UEo0CmpJV3M0Um1yRWQrTFMwam5QVGFxU09FeDg5L21pZFBxNGNWZ1JKQ0VsVVRKZ0xQV0lzbjI3UTFJNXlOcU5OMnoKbnhaS1N6OHBTM1JKMDd3TGxRSmJmc3NTUno2eVB1bTJuZ0dyR0VlaU5na0NBd0VBQWFOQ01FQXdEZ1lEVlIwUApBUUgvQkFRREFnS2tNQThHQTFVZEV3RUIvd1FGTUFNQkFmOHdIUVlEVlIwT0JCWUVGSEdPdUZlOWY3NDhmQjRUCmd6MmRNdEZTL0hQa01BMEdDU3FHU0liM0RRRUJDd1VBQTRJQ0FRQ1FZcFpZOW4rY3FJVGNyUXIrNzRCbU9XeDEKMXpqZXUzMERkSmh2elVJZ3NvWFcxWTV0Vnk0VGh4eGZKeVFFeGJidUxPNVRLWnZzRW9lakd6MGVMbmlyWnV2KwpUMFVobGZ2WVNPb0NVeHROSXB4b3p2NVRQSVQ5Y3hndFIrRG52bCt6dmdqNFJVZ3pzR2Jnb2JGMklyQjhpWkZYClJCWE9aNW1SbmErYUk5WHNnSXNHZDZGc0xkeERMVjUzcVZQSGVydmhLZjRQYTNadWJkektUWk51QWVWTGZTd0MKZURXclpCRHBzMlpwbHM0WEcxUEVHcDR1NFIzQWpsSWdQZHZxV1V5dzlLVFppcGl3NUdYZWFoWGFMZVFqVEVGZApuUWU4bE5ObVk4ZzdQb3NrM2dtNDlqTVlkM28xRnhlUVZwYjJsRWkxSDcrMEdpU2x1VmZ0V1R4dEFiQXVKWXVvCnZPdlJwSkhZb3p3RDNsOUtlR0JWd29pUzhhT3lwZzN0QW00VkdKM2NLWWwxWTBDdU5aeXdsN0h3L3hPNmp2bWoKK2pxd2dPKzJwdUdJUU9wWnBTQklOdDZOalk5SFR6WGxpZm0xLy9FdmFVT0lYM3ZZMzBaOHY4SHQzRmt6MVEzMgovV0NHZVhVdm95L0xvMFdSQXhHc1U3Z2wyN0FlL0VmcEUwaEtLWDRucnNYVWxTaEhYbXRPVzNtMkdaRWZWZEdtCktuNFhGY0JreXV4bVlZc0hDMkV6UytjMXoySFRvS24yQ3RQYXdtVUszWTkzVzZGUHZqc0NzRVk1dEJTQkFlUG0KK1hsb0NseWxDbDd6SUtvVm90cVFmZUs4UFY3N1lZaDVpeDZiLzVyWUsyZzhkbnJoUm05cFpmWUFqdUpsWTNUbgpHdDJtbFc3Wmx3N1FhOVluU3c9PQotLS0tLUVORCBDRVJUSUZJQ0FURS0tLS0tCg==\n    server: https://aks-06d90e76.privatelink.westeurope.azmk8s.io:443\n  name: aks-cluster\ncontexts:\n- context:\n    cluster: aks-cluster\n    user: clusterUser_rg-aks-cluster_aks-cluster\n  name: aks-cluster\ncurrent-context: aks-cluster\nkind: Config\npreferences: {}\nusers:\n- name: clusterUser_rg-aks-cluster_aks-cluster\n  user:\n    exec:\n      apiVersion: client.authentication.k8s.io/v1beta1\n      args:\n      - get-token\n      - --environment\n      - AzurePublicCloud\n      - --server-id\n      - 6dae42f8-4368-4678-94ff-3960e28e3630\n      - --client-id\n      - 80faf920-1908-4b52-b5ef-a8e7bedfc67a\n      - --tenant-id\n      - 558506eb-9459-4ef3-b920-ad55c555e729\n      - --login\n      - devicecode\n      command: kubelogin\n      env: null\n      provideClusterInfo: false\n",
            "kubelet_identity": [
              {
                "client_id": "fa0789d8-5580-4ae9-8612-8cd5fb619adc",
                "object_id": "81a9f9af-9931-4048-a519-e6a8201fdf4a",
                "user_assigned_identity_id": "/subscriptions/59d574d4-1c03-4092-ab22-312ed594eec9/resourceGroups/rg-aks-cluster/providers/Microsoft.ManagedIdentity/userAssignedIdentities/aks-cluster-agentpool"
              }
            ],
            "kubernetes_version": "1.24.6",
            "linux_profile": [],
            "local_account_disabled": true,
            "location": "westeurope",
            "maintenance_window": [
              {
                "allowed": [
                  {
                    "day": "Saturday",
                    "hours": [
                      2,
                      8
                    ]
                  }
                ],
                "not_allowed": []
              }
            ],
            "microsoft_defender": [],
            "name": "aks-cluster",
            "network_profile": [
              {
                "dns_service_ip": "10.0.0.10",
                "docker_bridge_cidr": "172.17.0.1/16",
                "ip_versions": [
                  "IPv4"
                ],
                "load_balancer_profile": [
                  {
                    "effective_outbound_ips": [],
                    "idle_timeout_in_minutes": 0,
                    "managed_outbound_ip_count": 0,
                    "managed_outbound_ipv6_count": 0,
                    "outbound_ip_address_ids": [],
                    "outbound_ip_prefix_ids": [],
                    "outbound_ports_allocated": 0
                  }
                ],
                "load_balancer_sku": "standard",
                "nat_gateway_profile": [
                  {
                    "effective_outbound_ips": [],
                    "idle_timeout_in_minutes": 4,
                    "managed_outbound_ip_count": 2
                  }
                ],
                "network_mode": "",
                "network_plugin": "azure",
                "network_policy": "calico",
                "outbound_type": "userAssignedNATGateway",
                "pod_cidr": "",
                "pod_cidrs": [],
                "service_cidr": "10.0.0.0/16",
                "service_cidrs": [
                  "10.0.0.0/16"
                ]
              }
            ],
            "node_resource_group": "rg-aks-cluster-managed",
            "oidc_issuer_enabled": true,
            "oidc_issuer_url": "https://westeurope.oic.prod-aks.azure.com/558506eb-9459-4ef3-b920-ad55c555e729/c11ee1d2-7588-4206-88ca-f479ee5ed0d0/",
            "oms_agent": [
              {
                "log_analytics_workspace_id": "/subscriptions/59d574d4-1c03-4092-ab22-312ed594eec9/resourceGroups/rg-spoke/providers/Microsoft.OperationalInsights/workspaces/loganalyticsakscluster",
                "oms_agent_identity": [
                  {
                    "client_id": "e55b7af5-bd43-4f5e-9cab-410bf6f2db02",
                    "object_id": "d5cb5704-bf59-4e50-b8f6-33b483627755",
                    "user_assigned_identity_id": "/subscriptions/59d574d4-1c03-4092-ab22-312ed594eec9/resourcegroups/rg-aks-cluster-managed/providers/Microsoft.ManagedIdentity/userAssignedIdentities/omsagent-aks-cluster"
                  }
                ]
              }
            ],
            "open_service_mesh_enabled": true,
            "portal_fqdn": "29e65113dabf04f2aa1ca1a2c728ca1b-priv.portal.hcp.westeurope.azmk8s.io",
            "private_cluster_enabled": true,
            "private_cluster_public_fqdn_enabled": false,
            "private_dns_zone_id": "/subscriptions/59d574d4-1c03-4092-ab22-312ed594eec9/resourceGroups/rg-aks-cluster/providers/Microsoft.Network/privateDnsZones/privatelink.westeurope.azmk8s.io",
            "private_fqdn": "aks-06d90e76.privatelink.westeurope.azmk8s.io",
            "public_network_access_enabled": true,
            "resource_group_name": "rg-aks-cluster",
            "role_based_access_control_enabled": true,
            "run_command_enabled": true,
            "service_principal": [],
            "sku_tier": "Free",
            "tags": {
              "environment": "development",
              "source": "terraform"
            },
            "timeouts": null,
            "windows_profile": [
              {
                "admin_password": "",
                "admin_username": "azureuser",
                "gmsa": [],
                "license": ""
              }
            ]
          },
          "sensitive_attributes": [],
          "private": "eyJlMmJmYjczMC1lY2FhLTExZTYtOGY4OC0zNDM2M2JjN2M0YzAiOnsiY3JlYXRlIjo1NDAwMDAwMDAwMDAwLCJkZWxldGUiOjU0MDAwMDAwMDAwMDAsInJlYWQiOjMwMDAwMDAwMDAwMCwidXBkYXRlIjo1NDAwMDAwMDAwMDAwfSwic2NoZW1hX3ZlcnNpb24iOiIyIn0=",
          "dependencies": [
            "azuread_group.aks_admins",
            "azurerm_application_gateway.appgw",
            "azurerm_log_analytics_workspace.workspace",
            "azurerm_private_dns_zone.private_dns_zone_aks",
            "azurerm_resource_group.rg_aks",
            "azurerm_resource_group.rg_spoke",
            "azurerm_subnet.subnet_nodes",
            "azurerm_subnet.subnet_pods",
            "azurerm_user_assigned_identity.identity-kubelet",
            "azurerm_user_assigned_identity.identity_aks",
            "azurerm_virtual_network.vnet_spoke",
            "data.azuread_client_config.current",
            "data.azurerm_subscription.current"
          ]
        }
      ]
    },
    {
      "mode": "managed",
      "type": "azurerm_kubernetes_cluster_node_pool",
      "name": "poolapps",
      "provider": "provider[\"registry.terraform.io/hashicorp/azurerm\"]",
      "instances": [
        {
          "index_key": 0,
          "schema_version": 1,
          "attributes": {
            "capacity_reservation_group_id": "",
            "enable_auto_scaling": true,
            "enable_host_encryption": false,
            "enable_node_public_ip": false,
            "eviction_policy": "",
            "fips_enabled": false,
            "host_group_id": "",
            "id": "/subscriptions/59d574d4-1c03-4092-ab22-312ed594eec9/resourceGroups/rg-aks-cluster/providers/Microsoft.ContainerService/managedClusters/aks-cluster/agentPools/poolapps",
            "kubelet_config": [],
            "kubelet_disk_type": "OS",
            "kubernetes_cluster_id": "/subscriptions/59d574d4-1c03-4092-ab22-312ed594eec9/resourceGroups/rg-aks-cluster/providers/Microsoft.ContainerService/managedClusters/aks-cluster",
            "linux_os_config": [],
            "max_count": 1,
            "max_pods": 110,
            "message_of_the_day": "Hello from Azure AKS cluster!",
            "min_count": 0,
            "mode": "User",
            "name": "poolapps",
            "node_count": 0,
            "node_labels": {},
            "node_public_ip_prefix_id": "",
            "node_taints": [],
            "orchestrator_version": "1.24.6",
            "os_disk_size_gb": 60,
            "os_disk_type": "Ephemeral",
            "os_sku": "Ubuntu",
            "os_type": "Linux",
            "pod_subnet_id": "/subscriptions/59d574d4-1c03-4092-ab22-312ed594eec9/resourceGroups/rg-spoke/providers/Microsoft.Network/virtualNetworks/vnet-spoke/subnets/subnet-aks-pods",
            "priority": "Regular",
            "proximity_placement_group_id": "",
            "scale_down_mode": "Delete",
            "spot_max_price": -1,
            "tags": {
              "environment": "development",
              "source": "terraform"
            },
            "timeouts": null,
            "ultra_ssd_enabled": false,
            "upgrade_settings": [
              {
                "max_surge": "3"
              }
            ],
            "vm_size": "Standard_D2ds_v5",
            "vnet_subnet_id": "/subscriptions/59d574d4-1c03-4092-ab22-312ed594eec9/resourceGroups/rg-spoke/providers/Microsoft.Network/virtualNetworks/vnet-spoke/subnets/subnet-aks-nodes",
            "workload_runtime": "OCIContainer",
            "zones": [
              "1",
              "2",
              "3"
            ]
          },
          "sensitive_attributes": [],
          "private": "eyJlMmJmYjczMC1lY2FhLTExZTYtOGY4OC0zNDM2M2JjN2M0YzAiOnsiY3JlYXRlIjozNjAwMDAwMDAwMDAwLCJkZWxldGUiOjM2MDAwMDAwMDAwMDAsInJlYWQiOjMwMDAwMDAwMDAwMCwidXBkYXRlIjozNjAwMDAwMDAwMDAwfSwic2NoZW1hX3ZlcnNpb24iOiIxIn0=",
          "dependencies": [
            "azuread_group.aks_admins",
            "azurerm_application_gateway.appgw",
            "azurerm_kubernetes_cluster.aks",
            "azurerm_log_analytics_workspace.workspace",
            "azurerm_private_dns_zone.private_dns_zone_aks",
            "azurerm_resource_group.rg_aks",
            "azurerm_resource_group.rg_spoke",
            "azurerm_subnet.subnet_nodes",
            "azurerm_subnet.subnet_pods",
            "azurerm_user_assigned_identity.identity-kubelet",
            "azurerm_user_assigned_identity.identity_aks",
            "azurerm_virtual_network.vnet_spoke",
            "data.azuread_client_config.current",
            "data.azurerm_subscription.current"
          ]
        }
      ]
    },
    {
      "mode": "managed",
      "type": "azurerm_linux_virtual_machine",
      "name": "vm_jumpbox_linux",
      "provider": "provider[\"registry.terraform.io/hashicorp/azurerm\"]",
      "instances": [
        {
          "index_key": 0,
          "schema_version": 0,
          "attributes": {
            "additional_capabilities": [],
            "admin_password": "ignored-as-imported",
            "admin_ssh_key": [],
            "admin_username": "houssem",
            "allow_extension_operations": true,
            "availability_set_id": "",
            "boot_diagnostics": [
              {
                "storage_account_uri": ""
              }
            ],
            "capacity_reservation_group_id": "",
            "computer_name": "vm-jumpbox-linux",
            "custom_data": null,
            "dedicated_host_group_id": "",
            "dedicated_host_id": "",
            "disable_password_authentication": false,
            "edge_zone": "",
            "encryption_at_host_enabled": false,
            "eviction_policy": "",
            "extensions_time_budget": "PT1H30M",
            "gallery_application": [],
            "id": "/subscriptions/59d574d4-1c03-4092-ab22-312ed594eec9/resourceGroups/rg-spoke-mgt/providers/Microsoft.Compute/virtualMachines/vm-jumpbox-linux",
            "identity": [],
            "license_type": "",
            "location": "westeurope",
            "max_bid_price": -1,
            "name": "vm-jumpbox-linux",
            "network_interface_ids": [
              "/subscriptions/59d574d4-1c03-4092-ab22-312ed594eec9/resourceGroups/rg-spoke-mgt/providers/Microsoft.Network/networkInterfaces/nic-vm-jumpbox-linux"
            ],
            "os_disk": [
              {
                "caching": "ReadWrite",
                "diff_disk_settings": [],
                "disk_encryption_set_id": "",
                "disk_size_gb": 30,
                "name": "vm-jumpbox-linux_OsDisk_1_bb337fb91193480ea0ae480fe96974ec",
                "secure_vm_disk_encryption_set_id": "",
                "security_encryption_type": "",
                "storage_account_type": "StandardSSD_LRS",
                "write_accelerator_enabled": false
              }
            ],
            "patch_assessment_mode": "ImageDefault",
            "patch_mode": "ImageDefault",
            "plan": [],
            "platform_fault_domain": -1,
            "priority": "Regular",
            "private_ip_address": "10.4.0.4",
            "private_ip_addresses": [
              "10.4.0.4"
            ],
            "provision_vm_agent": true,
            "proximity_placement_group_id": "",
            "public_ip_address": "",
            "public_ip_addresses": [],
            "resource_group_name": "rg-spoke-mgt",
            "secret": [],
            "secure_boot_enabled": false,
            "size": "Standard_D2ads_v5",
            "source_image_id": "",
            "source_image_reference": [
              {
                "offer": "UbuntuServer",
                "publisher": "Canonical",
                "sku": "18.04-LTS",
                "version": "latest"
              }
            ],
            "tags": {},
            "termination_notification": [],
            "timeouts": {
              "create": null,
              "delete": null,
              "read": null,
              "update": null
            },
            "user_data": "",
            "virtual_machine_id": "ffd428ec-622b-402d-9ed3-8251dbe15860",
            "virtual_machine_scale_set_id": "",
            "vtpm_enabled": false,
            "zone": ""
          },
          "sensitive_attributes": [],
          "private": "eyJlMmJmYjczMC1lY2FhLTExZTYtOGY4OC0zNDM2M2JjN2M0YzAiOnsiY3JlYXRlIjoyNzAwMDAwMDAwMDAwLCJkZWxldGUiOjI3MDAwMDAwMDAwMDAsInJlYWQiOjMwMDAwMDAwMDAwMCwidXBkYXRlIjoyNzAwMDAwMDAwMDAwfSwic2NoZW1hX3ZlcnNpb24iOiIwIn0=",
          "dependencies": [
            "azurerm_network_interface.nic_vm_jumpbox_linux",
            "azurerm_resource_group.rg_spoke",
            "azurerm_resource_group.rg_spoke_mgt",
            "azurerm_subnet.subnet_jumpbox",
            "azurerm_virtual_network.vnet_spoke"
          ]
        }
      ]
    },
    {
      "mode": "managed",
      "type": "azurerm_log_analytics_solution",
      "name": "solution",
      "provider": "provider[\"registry.terraform.io/hashicorp/azurerm\"]",
      "instances": [
        {
          "index_key": 0,
          "schema_version": 1,
          "attributes": {
            "id": "/subscriptions/59d574d4-1c03-4092-ab22-312ed594eec9/resourceGroups/rg-spoke/providers/Microsoft.OperationsManagement/solutions/ContainerInsights(loganalyticsakscluster)",
            "location": "westeurope",
            "plan": [
              {
                "name": "ContainerInsights(loganalyticsakscluster)",
                "product": "OMSGallery/ContainerInsights",
                "promotion_code": "",
                "publisher": "Microsoft"
              }
            ],
            "resource_group_name": "rg-spoke",
            "solution_name": "ContainerInsights",
            "tags": {
              "environment": "development",
              "source": "terraform"
            },
            "timeouts": null,
            "workspace_name": "loganalyticsakscluster",
            "workspace_resource_id": "/subscriptions/59d574d4-1c03-4092-ab22-312ed594eec9/resourceGroups/rg-spoke/providers/Microsoft.OperationalInsights/workspaces/loganalyticsakscluster"
          },
          "sensitive_attributes": [],
          "private": "eyJlMmJmYjczMC1lY2FhLTExZTYtOGY4OC0zNDM2M2JjN2M0YzAiOnsiY3JlYXRlIjoxODAwMDAwMDAwMDAwLCJkZWxldGUiOjE4MDAwMDAwMDAwMDAsInJlYWQiOjMwMDAwMDAwMDAwMCwidXBkYXRlIjoxODAwMDAwMDAwMDAwfSwic2NoZW1hX3ZlcnNpb24iOiIxIn0=",
          "dependencies": [
            "azurerm_log_analytics_workspace.workspace",
            "azurerm_resource_group.rg_spoke"
          ]
        }
      ]
    },
    {
      "mode": "managed",
      "type": "azurerm_log_analytics_workspace",
      "name": "workspace",
      "provider": "provider[\"registry.terraform.io/hashicorp/azurerm\"]",
      "instances": [
        {
          "index_key": 0,
          "schema_version": 2,
          "attributes": {
            "cmk_for_query_forced": false,
            "daily_quota_gb": -1,
            "id": "/subscriptions/59d574d4-1c03-4092-ab22-312ed594eec9/resourceGroups/rg-spoke/providers/Microsoft.OperationalInsights/workspaces/loganalyticsakscluster",
            "internet_ingestion_enabled": true,
            "internet_query_enabled": true,
            "location": "westeurope",
            "name": "loganalyticsakscluster",
            "primary_shared_key": "Jvle55wK++bDiVuH9x0GqTSSDIlqGHcDwEQXdJKVjXuhIrCaZAZYiors3MLAiE87GZ64g7tTHFyEfQw79Ea4SA==",
            "reservation_capacity_in_gb_per_day": null,
            "resource_group_name": "rg-spoke",
            "retention_in_days": 30,
            "secondary_shared_key": "XrKT/k+XFQqDEGvDsFXA4lBXmhdru/sQeeWUpdBtQ/+xqEQqKxiDFa4PjLvDbKX6k0/+Q7FxhaOYJwGNw6jl9A==",
            "sku": "PerGB2018",
            "tags": {
              "environment": "development",
              "source": "terraform"
            },
            "timeouts": null,
            "workspace_id": "8484c15e-bea7-4ddf-8504-c25767ea1fff"
          },
          "sensitive_attributes": [],
          "private": "eyJlMmJmYjczMC1lY2FhLTExZTYtOGY4OC0zNDM2M2JjN2M0YzAiOnsiY3JlYXRlIjoxODAwMDAwMDAwMDAwLCJkZWxldGUiOjE4MDAwMDAwMDAwMDAsInJlYWQiOjMwMDAwMDAwMDAwMCwidXBkYXRlIjoxODAwMDAwMDAwMDAwfSwic2NoZW1hX3ZlcnNpb24iOiIyIn0=",
          "dependencies": [
            "azurerm_resource_group.rg_spoke"
          ]
        }
      ]
    },
    {
      "mode": "managed",
      "type": "azurerm_monitor_diagnostic_setting",
      "name": "diagnostic_settings_acr",
      "provider": "provider[\"registry.terraform.io/hashicorp/azurerm\"]",
      "instances": [
        {
          "index_key": 0,
          "schema_version": 0,
          "attributes": {
            "eventhub_authorization_rule_id": "",
            "eventhub_name": "",
            "id": "/subscriptions/59d574d4-1c03-4092-ab22-312ed594eec9/resourceGroups/rg-spoke/providers/Microsoft.ContainerRegistry/registries/acrforakstf0111|diagnostic-settings",
            "log": [
              {
                "category": "ContainerRegistryLoginEvents",
                "category_group": "",
                "enabled": true,
                "retention_policy": [
                  {
                    "days": 0,
                    "enabled": true
                  }
                ]
              },
              {
                "category": "ContainerRegistryRepositoryEvents",
                "category_group": "",
                "enabled": true,
                "retention_policy": [
                  {
                    "days": 0,
                    "enabled": true
                  }
                ]
              }
            ],
            "log_analytics_destination_type": "",
            "log_analytics_workspace_id": "/subscriptions/59d574d4-1c03-4092-ab22-312ed594eec9/resourceGroups/rg-spoke/providers/Microsoft.OperationalInsights/workspaces/loganalyticsakscluster",
            "metric": [
              {
                "category": "AllMetrics",
                "enabled": true,
                "retention_policy": [
                  {
                    "days": 0,
                    "enabled": true
                  }
                ]
              }
            ],
            "name": "diagnostic-settings",
            "storage_account_id": null,
            "target_resource_id": "/subscriptions/59d574d4-1c03-4092-ab22-312ed594eec9/resourceGroups/rg-spoke/providers/Microsoft.ContainerRegistry/registries/acrforakstf0111",
            "timeouts": null
          },
          "sensitive_attributes": [],
          "private": "eyJlMmJmYjczMC1lY2FhLTExZTYtOGY4OC0zNDM2M2JjN2M0YzAiOnsiY3JlYXRlIjoxODAwMDAwMDAwMDAwLCJkZWxldGUiOjM2MDAwMDAwMDAwMDAsInJlYWQiOjMwMDAwMDAwMDAwMCwidXBkYXRlIjoxODAwMDAwMDAwMDAwfX0=",
          "dependencies": [
            "azurerm_container_registry.acr",
            "azurerm_log_analytics_workspace.workspace",
            "azurerm_resource_group.rg_spoke"
          ]
        }
      ]
    },
    {
      "mode": "managed",
      "type": "azurerm_monitor_diagnostic_setting",
      "name": "diagnostic_settings_aks",
      "provider": "provider[\"registry.terraform.io/hashicorp/azurerm\"]",
      "instances": [
        {
          "index_key": 0,
          "schema_version": 0,
          "attributes": {
            "eventhub_authorization_rule_id": "",
            "eventhub_name": "",
            "id": "/subscriptions/59d574d4-1c03-4092-ab22-312ed594eec9/resourceGroups/rg-aks-cluster/providers/Microsoft.ContainerService/managedClusters/aks-cluster|diagnostic-settings",
            "log": [
              {
                "category": "cloud-controller-manager",
                "category_group": "",
                "enabled": true,
                "retention_policy": [
                  {
                    "days": 0,
                    "enabled": true
                  }
                ]
              },
              {
                "category": "cluster-autoscaler",
                "category_group": "",
                "enabled": true,
                "retention_policy": [
                  {
                    "days": 0,
                    "enabled": true
                  }
                ]
              },
              {
                "category": "csi-azuredisk-controller",
                "category_group": "",
                "enabled": true,
                "retention_policy": [
                  {
                    "days": 0,
                    "enabled": true
                  }
                ]
              },
              {
                "category": "csi-azurefile-controller",
                "category_group": "",
                "enabled": true,
                "retention_policy": [
                  {
                    "days": 0,
                    "enabled": true
                  }
                ]
              },
              {
                "category": "csi-snapshot-controller",
                "category_group": "",
                "enabled": true,
                "retention_policy": [
                  {
                    "days": 0,
                    "enabled": true
                  }
                ]
              },
              {
                "category": "guard",
                "category_group": "",
                "enabled": true,
                "retention_policy": [
                  {
                    "days": 0,
                    "enabled": true
                  }
                ]
              },
              {
                "category": "kube-apiserver",
                "category_group": "",
                "enabled": true,
                "retention_policy": [
                  {
                    "days": 0,
                    "enabled": true
                  }
                ]
              },
              {
                "category": "kube-audit",
                "category_group": "",
                "enabled": true,
                "retention_policy": [
                  {
                    "days": 0,
                    "enabled": true
                  }
                ]
              },
              {
                "category": "kube-audit-admin",
                "category_group": "",
                "enabled": true,
                "retention_policy": [
                  {
                    "days": 0,
                    "enabled": true
                  }
                ]
              },
              {
                "category": "kube-controller-manager",
                "category_group": "",
                "enabled": true,
                "retention_policy": [
                  {
                    "days": 0,
                    "enabled": true
                  }
                ]
              },
              {
                "category": "kube-scheduler",
                "category_group": "",
                "enabled": true,
                "retention_policy": [
                  {
                    "days": 0,
                    "enabled": true
                  }
                ]
              }
            ],
            "log_analytics_destination_type": "",
            "log_analytics_workspace_id": "/subscriptions/59d574d4-1c03-4092-ab22-312ed594eec9/resourceGroups/rg-spoke/providers/Microsoft.OperationalInsights/workspaces/loganalyticsakscluster",
            "metric": [
              {
                "category": "AllMetrics",
                "enabled": true,
                "retention_policy": [
                  {
                    "days": 0,
                    "enabled": true
                  }
                ]
              }
            ],
            "name": "diagnostic-settings",
            "storage_account_id": null,
            "target_resource_id": "/subscriptions/59d574d4-1c03-4092-ab22-312ed594eec9/resourceGroups/rg-aks-cluster/providers/Microsoft.ContainerService/managedClusters/aks-cluster",
            "timeouts": null
          },
          "sensitive_attributes": [],
          "private": "eyJlMmJmYjczMC1lY2FhLTExZTYtOGY4OC0zNDM2M2JjN2M0YzAiOnsiY3JlYXRlIjoxODAwMDAwMDAwMDAwLCJkZWxldGUiOjM2MDAwMDAwMDAwMDAsInJlYWQiOjMwMDAwMDAwMDAwMCwidXBkYXRlIjoxODAwMDAwMDAwMDAwfX0=",
          "dependencies": [
            "azuread_group.aks_admins",
            "azurerm_application_gateway.appgw",
            "azurerm_kubernetes_cluster.aks",
            "azurerm_log_analytics_workspace.workspace",
            "azurerm_private_dns_zone.private_dns_zone_aks",
            "azurerm_resource_group.rg_aks",
            "azurerm_resource_group.rg_spoke",
            "azurerm_subnet.subnet_nodes",
            "azurerm_subnet.subnet_pods",
            "azurerm_user_assigned_identity.identity-kubelet",
            "azurerm_user_assigned_identity.identity_aks",
            "azurerm_virtual_network.vnet_spoke",
            "data.azuread_client_config.current",
            "data.azurerm_subscription.current"
          ]
        }
      ]
    },
    {
      "mode": "managed",
      "type": "azurerm_monitor_diagnostic_setting",
      "name": "diagnostic_settings_bastion",
      "provider": "provider[\"registry.terraform.io/hashicorp/azurerm\"]",
      "instances": [
        {
          "index_key": 0,
          "schema_version": 0,
          "attributes": {
            "eventhub_authorization_rule_id": "",
            "eventhub_name": "",
            "id": "/subscriptions/59d574d4-1c03-4092-ab22-312ed594eec9/resourceGroups/rg-spoke-mgt/providers/Microsoft.Network/bastionHosts/bastion_host|diagnostic-settings",
            "log": [
              {
                "category": "BastionAuditLogs",
                "category_group": "",
                "enabled": true,
                "retention_policy": [
                  {
                    "days": 0,
                    "enabled": true
                  }
                ]
              }
            ],
            "log_analytics_destination_type": "",
            "log_analytics_workspace_id": "/subscriptions/59d574d4-1c03-4092-ab22-312ed594eec9/resourceGroups/rg-spoke/providers/Microsoft.OperationalInsights/workspaces/loganalyticsakscluster",
            "metric": [
              {
                "category": "AllMetrics",
                "enabled": true,
                "retention_policy": [
                  {
                    "days": 0,
                    "enabled": true
                  }
                ]
              }
            ],
            "name": "diagnostic-settings",
            "storage_account_id": null,
            "target_resource_id": "/subscriptions/59d574d4-1c03-4092-ab22-312ed594eec9/resourceGroups/rg-spoke-mgt/providers/Microsoft.Network/bastionHosts/bastion_host",
            "timeouts": null
          },
          "sensitive_attributes": [],
          "private": "eyJlMmJmYjczMC1lY2FhLTExZTYtOGY4OC0zNDM2M2JjN2M0YzAiOnsiY3JlYXRlIjoxODAwMDAwMDAwMDAwLCJkZWxldGUiOjM2MDAwMDAwMDAwMDAsInJlYWQiOjMwMDAwMDAwMDAwMCwidXBkYXRlIjoxODAwMDAwMDAwMDAwfX0=",
          "dependencies": [
            "azurerm_bastion_host.bastion_host",
            "azurerm_log_analytics_workspace.workspace",
            "azurerm_public_ip.public_ip_bastion",
            "azurerm_resource_group.rg_spoke",
            "azurerm_resource_group.rg_spoke_mgt",
            "azurerm_subnet.subnet_bastion",
            "azurerm_virtual_network.vnet_spoke"
          ]
        }
      ]
    },
    {
      "mode": "managed",
      "type": "azurerm_monitor_diagnostic_setting",
      "name": "diagnostic_settings_firewall",
      "provider": "provider[\"registry.terraform.io/hashicorp/azurerm\"].subscription_hub",
      "instances": [
        {
          "index_key": 0,
          "schema_version": 0,
          "attributes": {
            "eventhub_authorization_rule_id": "",
            "eventhub_name": "",
            "id": "/subscriptions/4b72ed90-7ca3-4e76-8d0f-31a2c0bee7a3/resourceGroups/rg-hub/providers/Microsoft.Network/azureFirewalls/firewall-hub|diagnostic-settings",
            "log": [
              {
                "category": "AzureFirewallApplicationRule",
                "category_group": null,
                "enabled": true,
                "retention_policy": [
                  {
                    "days": null,
                    "enabled": true
                  }
                ]
              },
              {
                "category": "AzureFirewallDnsProxy",
                "category_group": null,
                "enabled": true,
                "retention_policy": [
                  {
                    "days": null,
                    "enabled": true
                  }
                ]
              },
              {
                "category": "AzureFirewallNetworkRule",
                "category_group": null,
                "enabled": true,
                "retention_policy": [
                  {
                    "days": null,
                    "enabled": true
                  }
                ]
              }
            ],
            "log_analytics_destination_type": "AzureDiagnostics",
            "log_analytics_workspace_id": "/subscriptions/59d574d4-1c03-4092-ab22-312ed594eec9/resourceGroups/rg-spoke/providers/Microsoft.OperationalInsights/workspaces/loganalyticsakscluster",
            "metric": [
              {
                "category": "AllMetrics",
                "enabled": true,
                "retention_policy": [
                  {
                    "days": 0,
                    "enabled": true
                  }
                ]
              }
            ],
            "name": "diagnostic-settings",
            "storage_account_id": null,
            "target_resource_id": "/subscriptions/4b72ed90-7ca3-4e76-8d0f-31a2c0bee7a3/resourceGroups/rg-hub/providers/Microsoft.Network/azureFirewalls/firewall-hub",
            "timeouts": null
          },
          "sensitive_attributes": [],
          "private": "eyJlMmJmYjczMC1lY2FhLTExZTYtOGY4OC0zNDM2M2JjN2M0YzAiOnsiY3JlYXRlIjoxODAwMDAwMDAwMDAwLCJkZWxldGUiOjM2MDAwMDAwMDAwMDAsInJlYWQiOjMwMDAwMDAwMDAwMCwidXBkYXRlIjoxODAwMDAwMDAwMDAwfX0=",
          "dependencies": [
            "azurerm_firewall.firewall",
            "azurerm_log_analytics_workspace.workspace",
            "azurerm_public_ip.public_ip_firewall",
            "azurerm_resource_group.rg_hub",
            "azurerm_resource_group.rg_spoke",
            "azurerm_subnet.subnet_firewall",
            "azurerm_virtual_network.vnet_hub"
          ]
        }
      ]
    },
    {
      "mode": "managed",
      "type": "azurerm_monitor_diagnostic_setting",
      "name": "diagnostic_settings_vnet",
      "provider": "provider[\"registry.terraform.io/hashicorp/azurerm\"]",
      "instances": [
        {
          "index_key": 0,
          "schema_version": 0,
          "attributes": {
            "eventhub_authorization_rule_id": "",
            "eventhub_name": "",
            "id": "/subscriptions/59d574d4-1c03-4092-ab22-312ed594eec9/resourceGroups/rg-spoke/providers/Microsoft.Network/virtualNetworks/vnet-spoke|diagnostic-settings",
            "log": [
              {
                "category": "VMProtectionAlerts",
                "category_group": "",
                "enabled": true,
                "retention_policy": [
                  {
                    "days": 0,
                    "enabled": true
                  }
                ]
              }
            ],
            "log_analytics_destination_type": "",
            "log_analytics_workspace_id": "/subscriptions/59d574d4-1c03-4092-ab22-312ed594eec9/resourceGroups/rg-spoke/providers/Microsoft.OperationalInsights/workspaces/loganalyticsakscluster",
            "metric": [
              {
                "category": "AllMetrics",
                "enabled": true,
                "retention_policy": [
                  {
                    "days": 0,
                    "enabled": true
                  }
                ]
              }
            ],
            "name": "diagnostic-settings",
            "storage_account_id": null,
            "target_resource_id": "/subscriptions/59d574d4-1c03-4092-ab22-312ed594eec9/resourceGroups/rg-spoke/providers/Microsoft.Network/virtualNetworks/vnet-spoke",
            "timeouts": null
          },
          "sensitive_attributes": [],
          "private": "eyJlMmJmYjczMC1lY2FhLTExZTYtOGY4OC0zNDM2M2JjN2M0YzAiOnsiY3JlYXRlIjoxODAwMDAwMDAwMDAwLCJkZWxldGUiOjM2MDAwMDAwMDAwMDAsInJlYWQiOjMwMDAwMDAwMDAwMCwidXBkYXRlIjoxODAwMDAwMDAwMDAwfX0=",
          "dependencies": [
            "azurerm_log_analytics_workspace.workspace",
            "azurerm_resource_group.rg_spoke",
            "azurerm_virtual_network.vnet_spoke"
          ]
        }
      ]
    },
    {
      "mode": "managed",
      "type": "azurerm_nat_gateway",
      "name": "natgw",
      "provider": "provider[\"registry.terraform.io/hashicorp/azurerm\"]",
      "instances": [
        {
          "index_key": 0,
          "schema_version": 0,
          "attributes": {
            "id": "/subscriptions/59d574d4-1c03-4092-ab22-312ed594eec9/resourceGroups/rg-aks-cluster/providers/Microsoft.Network/natGateways/nat-gateway",
            "idle_timeout_in_minutes": 10,
            "location": "westeurope",
            "name": "nat-gateway",
            "resource_group_name": "rg-aks-cluster",
            "resource_guid": "5099223b-d22d-43e8-bfe7-7bc3e33b1476",
            "sku_name": "Standard",
            "tags": {},
            "timeouts": null,
            "zones": [
              "1"
            ]
          },
          "sensitive_attributes": [],
          "private": "eyJlMmJmYjczMC1lY2FhLTExZTYtOGY4OC0zNDM2M2JjN2M0YzAiOnsiY3JlYXRlIjozNjAwMDAwMDAwMDAwLCJkZWxldGUiOjM2MDAwMDAwMDAwMDAsInJlYWQiOjMwMDAwMDAwMDAwMCwidXBkYXRlIjozNjAwMDAwMDAwMDAwfX0=",
          "dependencies": [
            "azurerm_resource_group.rg_aks"
          ]
        }
      ]
    },
    {
      "mode": "managed",
      "type": "azurerm_nat_gateway_public_ip_association",
      "name": "pip_assoc",
      "provider": "provider[\"registry.terraform.io/hashicorp/azurerm\"]",
      "instances": [
        {
          "index_key": 0,
          "schema_version": 0,
          "attributes": {
            "id": "/subscriptions/59d574d4-1c03-4092-ab22-312ed594eec9/resourceGroups/rg-aks-cluster/providers/Microsoft.Network/natGateways/nat-gateway|/subscriptions/59d574d4-1c03-4092-ab22-312ed594eec9/resourceGroups/rg-aks-cluster/providers/Microsoft.Network/publicIPAddresses/nat-gateway-public-ip",
            "nat_gateway_id": "/subscriptions/59d574d4-1c03-4092-ab22-312ed594eec9/resourceGroups/rg-aks-cluster/providers/Microsoft.Network/natGateways/nat-gateway",
            "public_ip_address_id": "/subscriptions/59d574d4-1c03-4092-ab22-312ed594eec9/resourceGroups/rg-aks-cluster/providers/Microsoft.Network/publicIPAddresses/nat-gateway-public-ip",
            "timeouts": null
          },
          "sensitive_attributes": [],
          "private": "eyJlMmJmYjczMC1lY2FhLTExZTYtOGY4OC0zNDM2M2JjN2M0YzAiOnsiY3JlYXRlIjoxODAwMDAwMDAwMDAwLCJkZWxldGUiOjE4MDAwMDAwMDAwMDAsInJlYWQiOjMwMDAwMDAwMDAwMH19",
          "dependencies": [
            "azurerm_nat_gateway.natgw",
            "azurerm_public_ip.natgw_pip",
            "azurerm_resource_group.rg_aks"
          ]
        }
      ]
    },
    {
      "mode": "managed",
      "type": "azurerm_network_interface",
      "name": "nic_vm_jumpbox_linux",
      "provider": "provider[\"registry.terraform.io/hashicorp/azurerm\"]",
      "instances": [
        {
          "index_key": 0,
          "schema_version": 0,
          "attributes": {
            "applied_dns_servers": [],
            "dns_servers": [],
            "edge_zone": "",
            "enable_accelerated_networking": false,
            "enable_ip_forwarding": false,
            "id": "/subscriptions/59d574d4-1c03-4092-ab22-312ed594eec9/resourceGroups/rg-spoke-mgt/providers/Microsoft.Network/networkInterfaces/nic-vm-jumpbox-linux",
            "internal_dns_name_label": "",
            "internal_domain_name_suffix": "liqmrt5tmmtejcjnqttcj3kxmg.ax.internal.cloudapp.net",
            "ip_configuration": [
              {
                "gateway_load_balancer_frontend_ip_configuration_id": "",
                "name": "internal",
                "primary": true,
                "private_ip_address": "10.4.0.4",
                "private_ip_address_allocation": "Dynamic",
                "private_ip_address_version": "IPv4",
                "public_ip_address_id": "",
                "subnet_id": "/subscriptions/59d574d4-1c03-4092-ab22-312ed594eec9/resourceGroups/rg-spoke/providers/Microsoft.Network/virtualNetworks/vnet-spoke/subnets/subnet-jumpbox"
              }
            ],
            "location": "westeurope",
            "mac_address": "",
            "name": "nic-vm-jumpbox-linux",
            "private_ip_address": "10.4.0.4",
            "private_ip_addresses": [
              "10.4.0.4"
            ],
            "resource_group_name": "rg-spoke-mgt",
            "tags": {},
            "timeouts": null,
            "virtual_machine_id": ""
          },
          "sensitive_attributes": [],
          "private": "eyJlMmJmYjczMC1lY2FhLTExZTYtOGY4OC0zNDM2M2JjN2M0YzAiOnsiY3JlYXRlIjoxODAwMDAwMDAwMDAwLCJkZWxldGUiOjE4MDAwMDAwMDAwMDAsInJlYWQiOjMwMDAwMDAwMDAwMCwidXBkYXRlIjoxODAwMDAwMDAwMDAwfX0=",
          "dependencies": [
            "azurerm_resource_group.rg_spoke",
            "azurerm_resource_group.rg_spoke_mgt",
            "azurerm_subnet.subnet_jumpbox",
            "azurerm_virtual_network.vnet_spoke"
          ]
        }
      ]
    },
    {
      "mode": "managed",
      "type": "azurerm_network_interface",
      "name": "nic_vm_jumpbox_windows",
      "provider": "provider[\"registry.terraform.io/hashicorp/azurerm\"]",
      "instances": [
        {
          "index_key": 0,
          "schema_version": 0,
          "attributes": {
            "applied_dns_servers": [],
            "dns_servers": [],
            "edge_zone": "",
            "enable_accelerated_networking": false,
            "enable_ip_forwarding": false,
            "id": "/subscriptions/59d574d4-1c03-4092-ab22-312ed594eec9/resourceGroups/rg-spoke-mgt/providers/Microsoft.Network/networkInterfaces/nic-vm-jumpbox-windows",
            "internal_dns_name_label": "",
            "internal_domain_name_suffix": "liqmrt5tmmtejcjnqttcj3kxmg.ax.internal.cloudapp.net",
            "ip_configuration": [
              {
                "gateway_load_balancer_frontend_ip_configuration_id": "",
                "name": "internal",
                "primary": true,
                "private_ip_address": "10.4.0.5",
                "private_ip_address_allocation": "Dynamic",
                "private_ip_address_version": "IPv4",
                "public_ip_address_id": "",
                "subnet_id": "/subscriptions/59d574d4-1c03-4092-ab22-312ed594eec9/resourceGroups/rg-spoke/providers/Microsoft.Network/virtualNetworks/vnet-spoke/subnets/subnet-jumpbox"
              }
            ],
            "location": "westeurope",
            "mac_address": "00-22-48-7F-E1-72",
            "name": "nic-vm-jumpbox-windows",
            "private_ip_address": "10.4.0.5",
            "private_ip_addresses": [
              "10.4.0.5"
            ],
            "resource_group_name": "rg-spoke-mgt",
            "tags": {},
            "timeouts": null,
            "virtual_machine_id": "/subscriptions/59d574d4-1c03-4092-ab22-312ed594eec9/resourceGroups/rg-spoke-mgt/providers/Microsoft.Compute/virtualMachines/vm-jumpbox-win"
          },
          "sensitive_attributes": [],
          "private": "eyJlMmJmYjczMC1lY2FhLTExZTYtOGY4OC0zNDM2M2JjN2M0YzAiOnsiY3JlYXRlIjoxODAwMDAwMDAwMDAwLCJkZWxldGUiOjE4MDAwMDAwMDAwMDAsInJlYWQiOjMwMDAwMDAwMDAwMCwidXBkYXRlIjoxODAwMDAwMDAwMDAwfX0=",
          "dependencies": [
            "azurerm_resource_group.rg_spoke",
            "azurerm_resource_group.rg_spoke_mgt",
            "azurerm_subnet.subnet_jumpbox",
            "azurerm_virtual_network.vnet_spoke"
          ]
        }
      ]
    },
    {
      "mode": "managed",
      "type": "azurerm_private_dns_zone",
      "name": "private_dns_zone_acr",
      "provider": "provider[\"registry.terraform.io/hashicorp/azurerm\"]",
      "instances": [
        {
          "index_key": 0,
          "schema_version": 0,
          "attributes": {
            "id": "/subscriptions/59d574d4-1c03-4092-ab22-312ed594eec9/resourceGroups/rg-spoke/providers/Microsoft.Network/privateDnsZones/privatelink.azurecr.io",
            "max_number_of_record_sets": 25000,
            "max_number_of_virtual_network_links": 1000,
            "max_number_of_virtual_network_links_with_registration": 100,
            "name": "privatelink.azurecr.io",
            "number_of_record_sets": 1,
            "resource_group_name": "rg-spoke",
            "soa_record": [
              {
                "email": "azureprivatedns-host.microsoft.com",
                "expire_time": 2419200,
                "fqdn": "privatelink.azurecr.io.",
                "host_name": "azureprivatedns.net",
                "minimum_ttl": 10,
                "refresh_time": 3600,
                "retry_time": 300,
                "serial_number": 1,
                "tags": {},
                "ttl": 3600
              }
            ],
            "tags": {
              "environment": "development",
              "source": "terraform"
            },
            "timeouts": null
          },
          "sensitive_attributes": [],
          "private": "eyJlMmJmYjczMC1lY2FhLTExZTYtOGY4OC0zNDM2M2JjN2M0YzAiOnsiY3JlYXRlIjoxODAwMDAwMDAwMDAwLCJkZWxldGUiOjE4MDAwMDAwMDAwMDAsInJlYWQiOjMwMDAwMDAwMDAwMCwidXBkYXRlIjoxODAwMDAwMDAwMDAwfX0=",
          "dependencies": [
            "azurerm_resource_group.rg_spoke"
          ]
        }
      ]
    },
    {
      "mode": "managed",
      "type": "azurerm_private_dns_zone",
      "name": "private_dns_zone_aks",
      "provider": "provider[\"registry.terraform.io/hashicorp/azurerm\"]",
      "instances": [
        {
          "index_key": 0,
          "schema_version": 0,
          "attributes": {
            "id": "/subscriptions/59d574d4-1c03-4092-ab22-312ed594eec9/resourceGroups/rg-aks-cluster/providers/Microsoft.Network/privateDnsZones/privatelink.westeurope.azmk8s.io",
            "max_number_of_record_sets": 25000,
            "max_number_of_virtual_network_links": 1000,
            "max_number_of_virtual_network_links_with_registration": 100,
            "name": "privatelink.westeurope.azmk8s.io",
            "number_of_record_sets": 2,
            "resource_group_name": "rg-aks-cluster",
            "soa_record": [
              {
                "email": "azureprivatedns-host.microsoft.com",
                "expire_time": 2419200,
                "fqdn": "privatelink.westeurope.azmk8s.io.",
                "host_name": "azureprivatedns.net",
                "minimum_ttl": 10,
                "refresh_time": 3600,
                "retry_time": 300,
                "serial_number": 1,
                "tags": {},
                "ttl": 3600
              }
            ],
            "tags": {},
            "timeouts": null
          },
          "sensitive_attributes": [],
          "private": "eyJlMmJmYjczMC1lY2FhLTExZTYtOGY4OC0zNDM2M2JjN2M0YzAiOnsiY3JlYXRlIjoxODAwMDAwMDAwMDAwLCJkZWxldGUiOjE4MDAwMDAwMDAwMDAsInJlYWQiOjMwMDAwMDAwMDAwMCwidXBkYXRlIjoxODAwMDAwMDAwMDAwfX0=",
          "dependencies": [
            "azurerm_resource_group.rg_aks"
          ]
        }
      ]
    },
    {
      "mode": "managed",
      "type": "azurerm_private_dns_zone_virtual_network_link",
      "name": "link_private_dns_zone_acr_to_vnet_hub",
      "provider": "provider[\"registry.terraform.io/hashicorp/azurerm\"]",
      "instances": [
        {
          "index_key": 0,
          "schema_version": 0,
          "attributes": {
            "id": "/subscriptions/59d574d4-1c03-4092-ab22-312ed594eec9/resourceGroups/rg-spoke/providers/Microsoft.Network/privateDnsZones/privatelink.azurecr.io/virtualNetworkLinks/link_private_dns_zone_acr_to_vnet_hub",
            "name": "link_private_dns_zone_acr_to_vnet_hub",
            "private_dns_zone_name": "privatelink.azurecr.io",
            "registration_enabled": false,
            "resource_group_name": "rg-spoke",
            "tags": {},
            "timeouts": null,
            "virtual_network_id": "/subscriptions/4b72ed90-7ca3-4e76-8d0f-31a2c0bee7a3/resourceGroups/rg-hub/providers/Microsoft.Network/virtualNetworks/vnet-hub"
          },
          "sensitive_attributes": [],
          "private": "eyJlMmJmYjczMC1lY2FhLTExZTYtOGY4OC0zNDM2M2JjN2M0YzAiOnsiY3JlYXRlIjoxODAwMDAwMDAwMDAwLCJkZWxldGUiOjE4MDAwMDAwMDAwMDAsInJlYWQiOjMwMDAwMDAwMDAwMCwidXBkYXRlIjoxODAwMDAwMDAwMDAwfX0=",
          "dependencies": [
            "azurerm_private_dns_zone.private_dns_zone_acr",
            "azurerm_resource_group.rg_hub",
            "azurerm_resource_group.rg_spoke",
            "azurerm_virtual_network.vnet_hub"
          ]
        }
      ]
    },
    {
      "mode": "managed",
      "type": "azurerm_private_dns_zone_virtual_network_link",
      "name": "link_private_dns_zone_aks_to_vnet_hub",
      "provider": "provider[\"registry.terraform.io/hashicorp/azurerm\"]",
      "instances": [
        {
          "index_key": 0,
          "schema_version": 0,
          "attributes": {
            "id": "/subscriptions/59d574d4-1c03-4092-ab22-312ed594eec9/resourceGroups/rg-aks-cluster/providers/Microsoft.Network/privateDnsZones/privatelink.westeurope.azmk8s.io/virtualNetworkLinks/link_private_dns_zone_aks_to_vnet_hub",
            "name": "link_private_dns_zone_aks_to_vnet_hub",
            "private_dns_zone_name": "privatelink.westeurope.azmk8s.io",
            "registration_enabled": false,
            "resource_group_name": "rg-aks-cluster",
            "tags": {},
            "timeouts": null,
            "virtual_network_id": "/subscriptions/4b72ed90-7ca3-4e76-8d0f-31a2c0bee7a3/resourceGroups/rg-hub/providers/Microsoft.Network/virtualNetworks/vnet-hub"
          },
          "sensitive_attributes": [],
          "private": "eyJlMmJmYjczMC1lY2FhLTExZTYtOGY4OC0zNDM2M2JjN2M0YzAiOnsiY3JlYXRlIjoxODAwMDAwMDAwMDAwLCJkZWxldGUiOjE4MDAwMDAwMDAwMDAsInJlYWQiOjMwMDAwMDAwMDAwMCwidXBkYXRlIjoxODAwMDAwMDAwMDAwfX0=",
          "dependencies": [
            "azurerm_private_dns_zone.private_dns_zone_aks",
            "azurerm_resource_group.rg_aks",
            "azurerm_resource_group.rg_hub",
            "azurerm_virtual_network.vnet_hub"
          ]
        }
      ]
    },
    {
      "mode": "managed",
      "type": "azurerm_private_endpoint",
      "name": "pe_acr",
      "provider": "provider[\"registry.terraform.io/hashicorp/azurerm\"]",
      "instances": [
        {
          "index_key": 0,
          "schema_version": 0,
          "attributes": {
            "custom_dns_configs": [],
            "custom_network_interface_name": "",
            "id": "/subscriptions/59d574d4-1c03-4092-ab22-312ed594eec9/resourceGroups/rg-spoke/providers/Microsoft.Network/privateEndpoints/private-endpoint-acr",
            "ip_configuration": [],
            "location": "westeurope",
            "name": "private-endpoint-acr",
            "network_interface": [
              {
                "id": "/subscriptions/59d574d4-1c03-4092-ab22-312ed594eec9/resourceGroups/rg-spoke/providers/Microsoft.Network/networkInterfaces/private-endpoint-acr.nic.e7cbd558-0cb1-4058-a749-6c7457ddf44d",
                "name": "private-endpoint-acr.nic.e7cbd558-0cb1-4058-a749-6c7457ddf44d"
              }
            ],
            "private_dns_zone_configs": [
              {
                "id": "/subscriptions/59d574d4-1c03-4092-ab22-312ed594eec9/resourceGroups/rg-spoke/providers/Microsoft.Network/privateEndpoints/private-endpoint-acr/privateDnsZoneGroups/private-dns-zone-group-acr/privateDnsZoneConfigs/privatelink.azurecr.io",
                "name": "privatelink.azurecr.io",
                "private_dns_zone_id": "/subscriptions/59d574d4-1c03-4092-ab22-312ed594eec9/resourceGroups/rg-spoke/providers/Microsoft.Network/privateDnsZones/privatelink.azurecr.io",
                "record_sets": [
                  {
                    "fqdn": "acrforakstf0111.westeurope.data.privatelink.azurecr.io",
                    "ip_addresses": [
                      "10.2.0.4"
                    ],
                    "name": "acrforakstf0111.westeurope.data",
                    "ttl": 10,
                    "type": "A"
                  },
                  {
                    "fqdn": "acrforakstf0111.privatelink.azurecr.io",
                    "ip_addresses": [
                      "10.2.0.5"
                    ],
                    "name": "acrforakstf0111",
                    "ttl": 10,
                    "type": "A"
                  }
                ]
              }
            ],
            "private_dns_zone_group": [
              {
                "id": "/subscriptions/59d574d4-1c03-4092-ab22-312ed594eec9/resourceGroups/rg-spoke/providers/Microsoft.Network/privateEndpoints/private-endpoint-acr/privateDnsZoneGroups/private-dns-zone-group-acr",
                "name": "private-dns-zone-group-acr",
                "private_dns_zone_ids": [
                  "/subscriptions/59d574d4-1c03-4092-ab22-312ed594eec9/resourceGroups/rg-spoke/providers/Microsoft.Network/privateDnsZones/privatelink.azurecr.io"
                ]
              }
            ],
            "private_service_connection": [
              {
                "is_manual_connection": false,
                "name": "connection-acr",
                "private_connection_resource_alias": "",
                "private_connection_resource_id": "/subscriptions/59d574d4-1c03-4092-ab22-312ed594eec9/resourceGroups/rg-spoke/providers/Microsoft.ContainerRegistry/registries/acrforakstf0111",
                "private_ip_address": "10.2.0.4",
                "request_message": "",
                "subresource_names": [
                  "registry"
                ]
              }
            ],
            "resource_group_name": "rg-spoke",
            "subnet_id": "/subscriptions/59d574d4-1c03-4092-ab22-312ed594eec9/resourceGroups/rg-spoke/providers/Microsoft.Network/virtualNetworks/vnet-spoke/subnets/subnet-pe",
            "tags": {
              "environment": "development",
              "source": "terraform"
            },
            "timeouts": {
              "create": null,
              "delete": null,
              "read": null,
              "update": null
            }
          },
          "sensitive_attributes": [],
          "private": "eyJlMmJmYjczMC1lY2FhLTExZTYtOGY4OC0zNDM2M2JjN2M0YzAiOnsiY3JlYXRlIjozNjAwMDAwMDAwMDAwLCJkZWxldGUiOjM2MDAwMDAwMDAwMDAsInJlYWQiOjMwMDAwMDAwMDAwMCwidXBkYXRlIjozNjAwMDAwMDAwMDAwfX0=",
          "dependencies": [
            "azurerm_container_registry.acr",
            "azurerm_private_dns_zone.private_dns_zone_acr",
            "azurerm_resource_group.rg_spoke",
            "azurerm_subnet.subnet_pe",
            "azurerm_virtual_network.vnet_spoke"
          ]
        }
      ]
    },
    {
      "mode": "managed",
      "type": "azurerm_public_ip",
      "name": "natgw_pip",
      "provider": "provider[\"registry.terraform.io/hashicorp/azurerm\"]",
      "instances": [
        {
          "index_key": 0,
          "schema_version": 0,
          "attributes": {
            "allocation_method": "Static",
            "domain_name_label": null,
            "edge_zone": "",
            "fqdn": null,
            "id": "/subscriptions/59d574d4-1c03-4092-ab22-312ed594eec9/resourceGroups/rg-aks-cluster/providers/Microsoft.Network/publicIPAddresses/nat-gateway-public-ip",
            "idle_timeout_in_minutes": 4,
            "ip_address": "20.56.94.190",
            "ip_tags": {},
            "ip_version": "IPv4",
            "location": "westeurope",
            "name": "nat-gateway-public-ip",
            "public_ip_prefix_id": null,
            "resource_group_name": "rg-aks-cluster",
            "reverse_fqdn": null,
            "sku": "Standard",
            "sku_tier": "Regional",
            "tags": {},
            "timeouts": null,
            "zones": [
              "1"
            ]
          },
          "sensitive_attributes": [],
          "private": "eyJlMmJmYjczMC1lY2FhLTExZTYtOGY4OC0zNDM2M2JjN2M0YzAiOnsiY3JlYXRlIjoxODAwMDAwMDAwMDAwLCJkZWxldGUiOjE4MDAwMDAwMDAwMDAsInJlYWQiOjMwMDAwMDAwMDAwMCwidXBkYXRlIjoxODAwMDAwMDAwMDAwfX0=",
          "dependencies": [
            "azurerm_resource_group.rg_aks"
          ]
        }
      ]
    },
    {
      "mode": "managed",
      "type": "azurerm_public_ip",
      "name": "public_ip_bastion",
      "provider": "provider[\"registry.terraform.io/hashicorp/azurerm\"]",
      "instances": [
        {
          "index_key": 0,
          "schema_version": 0,
          "attributes": {
            "allocation_method": "Static",
            "domain_name_label": null,
            "edge_zone": "",
            "fqdn": null,
            "id": "/subscriptions/59d574d4-1c03-4092-ab22-312ed594eec9/resourceGroups/rg-spoke-mgt/providers/Microsoft.Network/publicIPAddresses/public_ip_bastion",
            "idle_timeout_in_minutes": 4,
            "ip_address": "20.224.188.168",
            "ip_tags": {},
            "ip_version": "IPv4",
            "location": "westeurope",
            "name": "public_ip_bastion",
            "public_ip_prefix_id": null,
            "resource_group_name": "rg-spoke-mgt",
            "reverse_fqdn": null,
            "sku": "Standard",
            "sku_tier": "Regional",
            "tags": {
              "environment": "development",
              "source": "terraform"
            },
            "timeouts": null,
            "zones": []
          },
          "sensitive_attributes": [],
          "private": "eyJlMmJmYjczMC1lY2FhLTExZTYtOGY4OC0zNDM2M2JjN2M0YzAiOnsiY3JlYXRlIjoxODAwMDAwMDAwMDAwLCJkZWxldGUiOjE4MDAwMDAwMDAwMDAsInJlYWQiOjMwMDAwMDAwMDAwMCwidXBkYXRlIjoxODAwMDAwMDAwMDAwfX0=",
          "dependencies": [
            "azurerm_resource_group.rg_spoke_mgt"
          ]
        }
      ]
    },
    {
      "mode": "managed",
      "type": "azurerm_public_ip",
      "name": "public_ip_firewall",
      "provider": "provider[\"registry.terraform.io/hashicorp/azurerm\"].subscription_hub",
      "instances": [
        {
          "index_key": 0,
          "schema_version": 0,
          "attributes": {
            "allocation_method": "Static",
            "domain_name_label": null,
            "edge_zone": "",
            "fqdn": null,
            "id": "/subscriptions/4b72ed90-7ca3-4e76-8d0f-31a2c0bee7a3/resourceGroups/rg-hub/providers/Microsoft.Network/publicIPAddresses/public-ip-firewall",
            "idle_timeout_in_minutes": 4,
            "ip_address": "20.234.135.14",
            "ip_tags": {},
            "ip_version": "IPv4",
            "location": "westeurope",
            "name": "public-ip-firewall",
            "public_ip_prefix_id": null,
            "resource_group_name": "rg-hub",
            "reverse_fqdn": null,
            "sku": "Standard",
            "sku_tier": "Regional",
            "tags": {},
            "timeouts": null,
            "zones": []
          },
          "sensitive_attributes": [],
          "private": "eyJlMmJmYjczMC1lY2FhLTExZTYtOGY4OC0zNDM2M2JjN2M0YzAiOnsiY3JlYXRlIjoxODAwMDAwMDAwMDAwLCJkZWxldGUiOjE4MDAwMDAwMDAwMDAsInJlYWQiOjMwMDAwMDAwMDAwMCwidXBkYXRlIjoxODAwMDAwMDAwMDAwfX0=",
          "dependencies": [
            "azurerm_resource_group.rg_hub"
          ]
        }
      ]
    },
    {
      "mode": "managed",
      "type": "azurerm_public_ip_prefix",
      "name": "natgw_ip_prefix",
      "provider": "provider[\"registry.terraform.io/hashicorp/azurerm\"]",
      "instances": [
        {
          "index_key": 0,
          "schema_version": 0,
          "attributes": {
            "id": "/subscriptions/59d574d4-1c03-4092-ab22-312ed594eec9/resourceGroups/rg-aks-cluster/providers/Microsoft.Network/publicIPPrefixes/nat-gateway-public-ip-prefix",
            "ip_prefix": "20.56.220.88/30",
            "ip_version": "IPv4",
            "location": "westeurope",
            "name": "nat-gateway-public-ip-prefix",
            "prefix_length": 30,
            "resource_group_name": "rg-aks-cluster",
            "sku": "Standard",
            "tags": {},
            "timeouts": null,
            "zones": [
              "1"
            ]
          },
          "sensitive_attributes": [],
          "private": "eyJlMmJmYjczMC1lY2FhLTExZTYtOGY4OC0zNDM2M2JjN2M0YzAiOnsiY3JlYXRlIjoxODAwMDAwMDAwMDAwLCJkZWxldGUiOjE4MDAwMDAwMDAwMDAsInJlYWQiOjMwMDAwMDAwMDAwMCwidXBkYXRlIjoxODAwMDAwMDAwMDAwfX0=",
          "dependencies": [
            "azurerm_resource_group.rg_aks"
          ]
        }
      ]
    },
    {
      "mode": "managed",
      "type": "azurerm_resource_group",
      "name": "rg_aks",
      "provider": "provider[\"registry.terraform.io/hashicorp/azurerm\"]",
      "instances": [
        {
          "schema_version": 0,
          "attributes": {
            "id": "/subscriptions/59d574d4-1c03-4092-ab22-312ed594eec9/resourceGroups/rg-aks-cluster",
            "location": "westeurope",
            "name": "rg-aks-cluster",
            "tags": {
              "environment": "development",
              "source": "terraform"
            },
            "timeouts": null
          },
          "sensitive_attributes": [],
          "private": "eyJlMmJmYjczMC1lY2FhLTExZTYtOGY4OC0zNDM2M2JjN2M0YzAiOnsiY3JlYXRlIjo1NDAwMDAwMDAwMDAwLCJkZWxldGUiOjU0MDAwMDAwMDAwMDAsInJlYWQiOjMwMDAwMDAwMDAwMCwidXBkYXRlIjo1NDAwMDAwMDAwMDAwfX0=",
          "create_before_destroy": true
        }
      ]
    },
    {
      "mode": "managed",
      "type": "azurerm_resource_group",
      "name": "rg_hub",
      "provider": "provider[\"registry.terraform.io/hashicorp/azurerm\"].subscription_hub",
      "instances": [
        {
          "schema_version": 0,
          "attributes": {
            "id": "/subscriptions/4b72ed90-7ca3-4e76-8d0f-31a2c0bee7a3/resourceGroups/rg-hub",
            "location": "westeurope",
            "name": "rg-hub",
            "tags": {
              "environment": "development",
              "source": "terraform"
            },
            "timeouts": null
          },
          "sensitive_attributes": [],
          "private": "eyJlMmJmYjczMC1lY2FhLTExZTYtOGY4OC0zNDM2M2JjN2M0YzAiOnsiY3JlYXRlIjo1NDAwMDAwMDAwMDAwLCJkZWxldGUiOjU0MDAwMDAwMDAwMDAsInJlYWQiOjMwMDAwMDAwMDAwMCwidXBkYXRlIjo1NDAwMDAwMDAwMDAwfX0="
        }
      ]
    },
    {
      "mode": "managed",
      "type": "azurerm_resource_group",
      "name": "rg_spoke",
      "provider": "provider[\"registry.terraform.io/hashicorp/azurerm\"]",
      "instances": [
        {
          "schema_version": 0,
          "attributes": {
            "id": "/subscriptions/59d574d4-1c03-4092-ab22-312ed594eec9/resourceGroups/rg-spoke",
            "location": "westeurope",
            "name": "rg-spoke",
            "tags": {
              "environment": "development",
              "source": "terraform"
            },
            "timeouts": null
          },
          "sensitive_attributes": [],
          "private": "eyJlMmJmYjczMC1lY2FhLTExZTYtOGY4OC0zNDM2M2JjN2M0YzAiOnsiY3JlYXRlIjo1NDAwMDAwMDAwMDAwLCJkZWxldGUiOjU0MDAwMDAwMDAwMDAsInJlYWQiOjMwMDAwMDAwMDAwMCwidXBkYXRlIjo1NDAwMDAwMDAwMDAwfX0=",
          "create_before_destroy": true
        }
      ]
    },
    {
      "mode": "managed",
      "type": "azurerm_resource_group",
      "name": "rg_spoke_mgt",
      "provider": "provider[\"registry.terraform.io/hashicorp/azurerm\"]",
      "instances": [
        {
          "index_key": 0,
          "schema_version": 0,
          "attributes": {
            "id": "/subscriptions/59d574d4-1c03-4092-ab22-312ed594eec9/resourceGroups/rg-spoke-mgt",
            "location": "westeurope",
            "name": "rg-spoke-mgt",
            "tags": {
              "environment": "development",
              "source": "terraform"
            },
            "timeouts": null
          },
          "sensitive_attributes": [],
          "private": "eyJlMmJmYjczMC1lY2FhLTExZTYtOGY4OC0zNDM2M2JjN2M0YzAiOnsiY3JlYXRlIjo1NDAwMDAwMDAwMDAwLCJkZWxldGUiOjU0MDAwMDAwMDAwMDAsInJlYWQiOjMwMDAwMDAwMDAwMCwidXBkYXRlIjo1NDAwMDAwMDAwMDAwfX0="
        }
      ]
    },
    {
      "mode": "managed",
      "type": "azurerm_role_assignment",
      "name": "current_user_aks_admin",
      "provider": "provider[\"registry.terraform.io/hashicorp/azurerm\"]",
      "instances": [
        {
          "index_key": 0,
          "schema_version": 0,
          "attributes": {
            "condition": "",
            "condition_version": "",
            "delegated_managed_identity_resource_id": "",
            "description": "",
            "id": "/subscriptions/59d574d4-1c03-4092-ab22-312ed594eec9/resourceGroups/rg-aks-cluster/providers/Microsoft.ContainerService/managedClusters/aks-cluster/providers/Microsoft.Authorization/roleAssignments/1edb1cd2-fee7-a7ec-e0cd-a1193ed3256b",
            "name": "1edb1cd2-fee7-a7ec-e0cd-a1193ed3256b",
            "principal_id": "f97fc9ba-ebda-439e-825a-0e25801cb32c",
            "principal_type": "User",
            "role_definition_id": "/subscriptions/59d574d4-1c03-4092-ab22-312ed594eec9/providers/Microsoft.Authorization/roleDefinitions/b1ff04bb-8a4e-4dc4-8eb5-8693973ce19b",
            "role_definition_name": "Azure Kubernetes Service RBAC Cluster Admin",
            "scope": "/subscriptions/59d574d4-1c03-4092-ab22-312ed594eec9/resourceGroups/rg-aks-cluster/providers/Microsoft.ContainerService/managedClusters/aks-cluster",
            "skip_service_principal_aad_check": false,
            "timeouts": {
              "create": "2m",
              "delete": "2m",
              "read": null,
              "update": "2m"
            }
          },
          "sensitive_attributes": [],
          "private": "eyJlMmJmYjczMC1lY2FhLTExZTYtOGY4OC0zNDM2M2JjN2M0YzAiOnsiY3JlYXRlIjoxMjAwMDAwMDAwMDAsImRlbGV0ZSI6MTIwMDAwMDAwMDAwLCJyZWFkIjozMDAwMDAwMDAwMDAsInVwZGF0ZSI6MTIwMDAwMDAwMDAwfX0=",
          "dependencies": [
            "azuread_group.aks_admins",
            "azurerm_application_gateway.appgw",
            "azurerm_kubernetes_cluster.aks",
            "azurerm_log_analytics_workspace.workspace",
            "azurerm_private_dns_zone.private_dns_zone_aks",
            "azurerm_resource_group.rg_aks",
            "azurerm_resource_group.rg_spoke",
            "azurerm_subnet.subnet_nodes",
            "azurerm_subnet.subnet_pods",
            "azurerm_user_assigned_identity.identity-kubelet",
            "azurerm_user_assigned_identity.identity_aks",
            "azurerm_virtual_network.vnet_spoke",
            "data.azuread_client_config.current",
            "data.azurerm_subscription.current"
          ]
        }
      ]
    },
    {
      "mode": "managed",
      "type": "azurerm_role_assignment",
      "name": "role_acrpull",
      "provider": "provider[\"registry.terraform.io/hashicorp/azurerm\"]",
      "instances": [
        {
          "schema_version": 0,
          "attributes": {
            "condition": "",
            "condition_version": "",
            "delegated_managed_identity_resource_id": "",
            "description": "",
            "id": "/subscriptions/59d574d4-1c03-4092-ab22-312ed594eec9/resourceGroups/rg-spoke/providers/Microsoft.ContainerRegistry/registries/acrforakstf0111/providers/Microsoft.Authorization/roleAssignments/8ef035cb-a2b7-8ad0-7108-aab91754e4a1",
            "name": "8ef035cb-a2b7-8ad0-7108-aab91754e4a1",
            "principal_id": "81a9f9af-9931-4048-a519-e6a8201fdf4a",
            "principal_type": "ServicePrincipal",
            "role_definition_id": "/subscriptions/59d574d4-1c03-4092-ab22-312ed594eec9/providers/Microsoft.Authorization/roleDefinitions/7f951dda-4ed3-4680-a7ca-43fe172d538d",
            "role_definition_name": "AcrPull",
            "scope": "/subscriptions/59d574d4-1c03-4092-ab22-312ed594eec9/resourceGroups/rg-spoke/providers/Microsoft.ContainerRegistry/registries/acrforakstf0111",
            "skip_service_principal_aad_check": true,
            "timeouts": null
          },
          "sensitive_attributes": [],
          "private": "eyJlMmJmYjczMC1lY2FhLTExZTYtOGY4OC0zNDM2M2JjN2M0YzAiOnsiY3JlYXRlIjoxODAwMDAwMDAwMDAwLCJkZWxldGUiOjE4MDAwMDAwMDAwMDAsInJlYWQiOjMwMDAwMDAwMDAwMCwidXBkYXRlIjoxODAwMDAwMDAwMDAwfX0=",
          "dependencies": [
            "azurerm_container_registry.acr",
            "azurerm_resource_group.rg_aks",
            "azurerm_resource_group.rg_spoke",
            "azurerm_user_assigned_identity.identity-kubelet"
          ]
        }
      ]
    },
    {
      "mode": "managed",
      "type": "azurerm_role_assignment",
      "name": "role_identity_aks_contributor",
      "provider": "provider[\"registry.terraform.io/hashicorp/azurerm\"]",
      "instances": [
        {
          "schema_version": 0,
          "attributes": {
            "condition": "",
            "condition_version": "",
            "delegated_managed_identity_resource_id": "",
            "description": "",
            "id": "/subscriptions/59d574d4-1c03-4092-ab22-312ed594eec9/resourceGroups/rg-aks-cluster/providers/Microsoft.Authorization/roleAssignments/e166f2c2-e83c-675e-5984-646f76984d72",
            "name": "e166f2c2-e83c-675e-5984-646f76984d72",
            "principal_id": "a7d5c53f-1011-4e82-9a55-fcabebd95835",
            "principal_type": "ServicePrincipal",
            "role_definition_id": "/subscriptions/59d574d4-1c03-4092-ab22-312ed594eec9/providers/Microsoft.Authorization/roleDefinitions/b24988ac-6180-42a0-ab88-20f7382dd24c",
            "role_definition_name": "Contributor",
            "scope": "/subscriptions/59d574d4-1c03-4092-ab22-312ed594eec9/resourceGroups/rg-aks-cluster",
            "skip_service_principal_aad_check": true,
            "timeouts": null
          },
          "sensitive_attributes": [],
          "private": "eyJlMmJmYjczMC1lY2FhLTExZTYtOGY4OC0zNDM2M2JjN2M0YzAiOnsiY3JlYXRlIjoxODAwMDAwMDAwMDAwLCJkZWxldGUiOjE4MDAwMDAwMDAwMDAsInJlYWQiOjMwMDAwMDAwMDAwMCwidXBkYXRlIjoxODAwMDAwMDAwMDAwfX0=",
          "dependencies": [
            "azurerm_resource_group.rg_aks",
            "azurerm_user_assigned_identity.identity_aks"
          ]
        }
      ]
    },
    {
      "mode": "managed",
      "type": "azurerm_role_assignment",
      "name": "role_identity_aks_mi_operator",
      "provider": "provider[\"registry.terraform.io/hashicorp/azurerm\"]",
      "instances": [
        {
          "schema_version": 0,
          "attributes": {
            "condition": "",
            "condition_version": "",
            "delegated_managed_identity_resource_id": "",
            "description": "",
            "id": "/subscriptions/59d574d4-1c03-4092-ab22-312ed594eec9/resourceGroups/rg-aks-cluster/providers/Microsoft.ManagedIdentity/userAssignedIdentities/aks-cluster-agentpool/providers/Microsoft.Authorization/roleAssignments/3c837a34-85be-c88d-e773-a10e912d6aa6",
            "name": "3c837a34-85be-c88d-e773-a10e912d6aa6",
            "principal_id": "a7d5c53f-1011-4e82-9a55-fcabebd95835",
            "principal_type": "ServicePrincipal",
            "role_definition_id": "/subscriptions/59d574d4-1c03-4092-ab22-312ed594eec9/providers/Microsoft.Authorization/roleDefinitions/f1a07417-d97a-45cb-824c-7a7467783830",
            "role_definition_name": "Managed Identity Operator",
            "scope": "/subscriptions/59d574d4-1c03-4092-ab22-312ed594eec9/resourceGroups/rg-aks-cluster/providers/Microsoft.ManagedIdentity/userAssignedIdentities/aks-cluster-agentpool",
            "skip_service_principal_aad_check": true,
            "timeouts": null
          },
          "sensitive_attributes": [],
          "private": "eyJlMmJmYjczMC1lY2FhLTExZTYtOGY4OC0zNDM2M2JjN2M0YzAiOnsiY3JlYXRlIjoxODAwMDAwMDAwMDAwLCJkZWxldGUiOjE4MDAwMDAwMDAwMDAsInJlYWQiOjMwMDAwMDAwMDAwMCwidXBkYXRlIjoxODAwMDAwMDAwMDAwfX0=",
          "dependencies": [
            "azurerm_resource_group.rg_aks",
            "azurerm_user_assigned_identity.identity-kubelet",
            "azurerm_user_assigned_identity.identity_aks"
          ]
        }
      ]
    },
    {
      "mode": "managed",
      "type": "azurerm_role_assignment",
      "name": "role_identity_aks_network_contributor",
      "provider": "provider[\"registry.terraform.io/hashicorp/azurerm\"]",
      "instances": [
        {
          "schema_version": 0,
          "attributes": {
            "condition": "",
            "condition_version": "",
            "delegated_managed_identity_resource_id": "",
            "description": "",
            "id": "/subscriptions/59d574d4-1c03-4092-ab22-312ed594eec9/resourceGroups/rg-spoke/providers/Microsoft.Network/virtualNetworks/vnet-spoke/providers/Microsoft.Authorization/roleAssignments/8da99cc5-db2b-83b0-0835-fd37407b02da",
            "name": "8da99cc5-db2b-83b0-0835-fd37407b02da",
            "principal_id": "a7d5c53f-1011-4e82-9a55-fcabebd95835",
            "principal_type": "ServicePrincipal",
            "role_definition_id": "/subscriptions/59d574d4-1c03-4092-ab22-312ed594eec9/providers/Microsoft.Authorization/roleDefinitions/4d97b98b-1d4f-4787-a291-c67834d212e7",
            "role_definition_name": "Network Contributor",
            "scope": "/subscriptions/59d574d4-1c03-4092-ab22-312ed594eec9/resourceGroups/rg-spoke/providers/Microsoft.Network/virtualNetworks/vnet-spoke",
            "skip_service_principal_aad_check": true,
            "timeouts": null
          },
          "sensitive_attributes": [],
          "private": "eyJlMmJmYjczMC1lY2FhLTExZTYtOGY4OC0zNDM2M2JjN2M0YzAiOnsiY3JlYXRlIjoxODAwMDAwMDAwMDAwLCJkZWxldGUiOjE4MDAwMDAwMDAwMDAsInJlYWQiOjMwMDAwMDAwMDAwMCwidXBkYXRlIjoxODAwMDAwMDAwMDAwfX0=",
          "dependencies": [
            "azurerm_resource_group.rg_aks",
            "azurerm_resource_group.rg_spoke",
            "azurerm_user_assigned_identity.identity_aks",
            "azurerm_virtual_network.vnet_spoke"
          ]
        }
      ]
    },
    {
      "mode": "managed",
      "type": "azurerm_role_assignment",
      "name": "role_private_dns_zone_aks_contributor",
      "provider": "provider[\"registry.terraform.io/hashicorp/azurerm\"]",
      "instances": [
        {
          "index_key": 0,
          "schema_version": 0,
          "attributes": {
            "condition": "",
            "condition_version": "",
            "delegated_managed_identity_resource_id": "",
            "description": "",
            "id": "/subscriptions/59d574d4-1c03-4092-ab22-312ed594eec9/resourceGroups/rg-aks-cluster/providers/Microsoft.Network/privateDnsZones/privatelink.westeurope.azmk8s.io/providers/Microsoft.Authorization/roleAssignments/58e4da17-0f8d-dd5c-c419-212712644976",
            "name": "58e4da17-0f8d-dd5c-c419-212712644976",
            "principal_id": "a7d5c53f-1011-4e82-9a55-fcabebd95835",
            "principal_type": "ServicePrincipal",
            "role_definition_id": "/subscriptions/59d574d4-1c03-4092-ab22-312ed594eec9/providers/Microsoft.Authorization/roleDefinitions/b12aa53e-6015-4669-85d0-8515ebb3ae7f",
            "role_definition_name": "Private DNS Zone Contributor",
            "scope": "/subscriptions/59d574d4-1c03-4092-ab22-312ed594eec9/resourceGroups/rg-aks-cluster/providers/Microsoft.Network/privateDnsZones/privatelink.westeurope.azmk8s.io",
            "skip_service_principal_aad_check": null,
            "timeouts": null
          },
          "sensitive_attributes": [],
          "private": "eyJlMmJmYjczMC1lY2FhLTExZTYtOGY4OC0zNDM2M2JjN2M0YzAiOnsiY3JlYXRlIjoxODAwMDAwMDAwMDAwLCJkZWxldGUiOjE4MDAwMDAwMDAwMDAsInJlYWQiOjMwMDAwMDAwMDAwMCwidXBkYXRlIjoxODAwMDAwMDAwMDAwfX0=",
          "dependencies": [
            "azurerm_private_dns_zone.private_dns_zone_aks",
            "azurerm_resource_group.rg_aks",
            "azurerm_user_assigned_identity.identity_aks"
          ]
        }
      ]
    },
    {
      "mode": "managed",
      "type": "azurerm_subnet",
      "name": "subnet_bastion",
      "provider": "provider[\"registry.terraform.io/hashicorp/azurerm\"]",
      "instances": [
        {
          "index_key": 0,
          "schema_version": 0,
          "attributes": {
            "address_prefixes": [
              "10.3.0.0/27"
            ],
            "delegation": [],
            "enforce_private_link_endpoint_network_policies": false,
            "enforce_private_link_service_network_policies": false,
            "id": "/subscriptions/59d574d4-1c03-4092-ab22-312ed594eec9/resourceGroups/rg-spoke/providers/Microsoft.Network/virtualNetworks/vnet-spoke/subnets/AzureBastionSubnet",
            "name": "AzureBastionSubnet",
            "private_endpoint_network_policies_enabled": true,
            "private_link_service_network_policies_enabled": true,
            "resource_group_name": "rg-spoke",
            "service_endpoint_policy_ids": [],
            "service_endpoints": [],
            "timeouts": null,
            "virtual_network_name": "vnet-spoke"
          },
          "sensitive_attributes": [],
          "private": "eyJlMmJmYjczMC1lY2FhLTExZTYtOGY4OC0zNDM2M2JjN2M0YzAiOnsiY3JlYXRlIjoxODAwMDAwMDAwMDAwLCJkZWxldGUiOjE4MDAwMDAwMDAwMDAsInJlYWQiOjMwMDAwMDAwMDAwMCwidXBkYXRlIjoxODAwMDAwMDAwMDAwfX0=",
          "dependencies": [
            "azurerm_resource_group.rg_spoke",
            "azurerm_virtual_network.vnet_spoke"
          ]
        }
      ]
    },
    {
      "mode": "managed",
      "type": "azurerm_subnet",
      "name": "subnet_firewall",
      "provider": "provider[\"registry.terraform.io/hashicorp/azurerm\"].subscription_hub",
      "instances": [
        {
          "index_key": 0,
          "schema_version": 0,
          "attributes": {
            "address_prefixes": [
              "172.17.0.0/26"
            ],
            "delegation": [],
            "enforce_private_link_endpoint_network_policies": true,
            "enforce_private_link_service_network_policies": false,
            "id": "/subscriptions/4b72ed90-7ca3-4e76-8d0f-31a2c0bee7a3/resourceGroups/rg-hub/providers/Microsoft.Network/virtualNetworks/vnet-hub/subnets/AzureFirewallSubnet",
            "name": "AzureFirewallSubnet",
            "private_endpoint_network_policies_enabled": false,
            "private_link_service_network_policies_enabled": true,
            "resource_group_name": "rg-hub",
            "service_endpoint_policy_ids": [],
            "service_endpoints": [],
            "timeouts": null,
            "virtual_network_name": "vnet-hub"
          },
          "sensitive_attributes": [],
          "private": "eyJlMmJmYjczMC1lY2FhLTExZTYtOGY4OC0zNDM2M2JjN2M0YzAiOnsiY3JlYXRlIjoxODAwMDAwMDAwMDAwLCJkZWxldGUiOjE4MDAwMDAwMDAwMDAsInJlYWQiOjMwMDAwMDAwMDAwMCwidXBkYXRlIjoxODAwMDAwMDAwMDAwfX0=",
          "dependencies": [
            "azurerm_resource_group.rg_hub",
            "azurerm_virtual_network.vnet_hub"
          ]
        }
      ]
    },
    {
      "mode": "managed",
      "type": "azurerm_subnet",
      "name": "subnet_jumpbox",
      "provider": "provider[\"registry.terraform.io/hashicorp/azurerm\"]",
      "instances": [
        {
          "index_key": 0,
          "schema_version": 0,
          "attributes": {
            "address_prefixes": [
              "10.4.0.0/24"
            ],
            "delegation": [],
            "enforce_private_link_endpoint_network_policies": false,
            "enforce_private_link_service_network_policies": false,
            "id": "/subscriptions/59d574d4-1c03-4092-ab22-312ed594eec9/resourceGroups/rg-spoke/providers/Microsoft.Network/virtualNetworks/vnet-spoke/subnets/subnet-jumpbox",
            "name": "subnet-jumpbox",
            "private_endpoint_network_policies_enabled": true,
            "private_link_service_network_policies_enabled": true,
            "resource_group_name": "rg-spoke",
            "service_endpoint_policy_ids": [],
            "service_endpoints": [],
            "timeouts": null,
            "virtual_network_name": "vnet-spoke"
          },
          "sensitive_attributes": [],
          "private": "eyJlMmJmYjczMC1lY2FhLTExZTYtOGY4OC0zNDM2M2JjN2M0YzAiOnsiY3JlYXRlIjoxODAwMDAwMDAwMDAwLCJkZWxldGUiOjE4MDAwMDAwMDAwMDAsInJlYWQiOjMwMDAwMDAwMDAwMCwidXBkYXRlIjoxODAwMDAwMDAwMDAwfX0=",
          "dependencies": [
            "azurerm_resource_group.rg_spoke",
            "azurerm_virtual_network.vnet_spoke"
          ]
        }
      ]
    },
    {
      "mode": "managed",
      "type": "azurerm_subnet",
      "name": "subnet_nodes",
      "provider": "provider[\"registry.terraform.io/hashicorp/azurerm\"]",
      "instances": [
        {
          "schema_version": 0,
          "attributes": {
            "address_prefixes": [
              "10.241.0.0/24"
            ],
            "delegation": [],
            "enforce_private_link_endpoint_network_policies": true,
            "enforce_private_link_service_network_policies": false,
            "id": "/subscriptions/59d574d4-1c03-4092-ab22-312ed594eec9/resourceGroups/rg-spoke/providers/Microsoft.Network/virtualNetworks/vnet-spoke/subnets/subnet-aks-nodes",
            "name": "subnet-aks-nodes",
            "private_endpoint_network_policies_enabled": false,
            "private_link_service_network_policies_enabled": true,
            "resource_group_name": "rg-spoke",
            "service_endpoint_policy_ids": [],
            "service_endpoints": [],
            "timeouts": null,
            "virtual_network_name": "vnet-spoke"
          },
          "sensitive_attributes": [],
          "private": "eyJlMmJmYjczMC1lY2FhLTExZTYtOGY4OC0zNDM2M2JjN2M0YzAiOnsiY3JlYXRlIjoxODAwMDAwMDAwMDAwLCJkZWxldGUiOjE4MDAwMDAwMDAwMDAsInJlYWQiOjMwMDAwMDAwMDAwMCwidXBkYXRlIjoxODAwMDAwMDAwMDAwfX0=",
          "dependencies": [
            "azurerm_resource_group.rg_spoke",
            "azurerm_virtual_network.vnet_spoke"
          ]
        }
      ]
    },
    {
      "mode": "managed",
      "type": "azurerm_subnet",
      "name": "subnet_pe",
      "provider": "provider[\"registry.terraform.io/hashicorp/azurerm\"]",
      "instances": [
        {
          "index_key": 0,
          "schema_version": 0,
          "attributes": {
            "address_prefixes": [
              "10.2.0.0/28"
            ],
            "delegation": [],
            "enforce_private_link_endpoint_network_policies": false,
            "enforce_private_link_service_network_policies": false,
            "id": "/subscriptions/59d574d4-1c03-4092-ab22-312ed594eec9/resourceGroups/rg-spoke/providers/Microsoft.Network/virtualNetworks/vnet-spoke/subnets/subnet-pe",
            "name": "subnet-pe",
            "private_endpoint_network_policies_enabled": true,
            "private_link_service_network_policies_enabled": true,
            "resource_group_name": "rg-spoke",
            "service_endpoint_policy_ids": [],
            "service_endpoints": [],
            "timeouts": null,
            "virtual_network_name": "vnet-spoke"
          },
          "sensitive_attributes": [],
          "private": "eyJlMmJmYjczMC1lY2FhLTExZTYtOGY4OC0zNDM2M2JjN2M0YzAiOnsiY3JlYXRlIjoxODAwMDAwMDAwMDAwLCJkZWxldGUiOjE4MDAwMDAwMDAwMDAsInJlYWQiOjMwMDAwMDAwMDAwMCwidXBkYXRlIjoxODAwMDAwMDAwMDAwfX0=",
          "dependencies": [
            "azurerm_resource_group.rg_spoke",
            "azurerm_virtual_network.vnet_spoke"
          ]
        }
      ]
    },
    {
      "mode": "managed",
      "type": "azurerm_subnet",
      "name": "subnet_pods",
      "provider": "provider[\"registry.terraform.io/hashicorp/azurerm\"]",
      "instances": [
        {
          "schema_version": 0,
          "attributes": {
            "address_prefixes": [
              "10.240.0.0/16"
            ],
            "delegation": [
              {
                "name": "aks-delegation",
                "service_delegation": [
                  {
                    "actions": [
                      "Microsoft.Network/virtualNetworks/subnets/join/action"
                    ],
                    "name": "Microsoft.ContainerService/managedClusters"
                  }
                ]
              }
            ],
            "enforce_private_link_endpoint_network_policies": false,
            "enforce_private_link_service_network_policies": false,
            "id": "/subscriptions/59d574d4-1c03-4092-ab22-312ed594eec9/resourceGroups/rg-spoke/providers/Microsoft.Network/virtualNetworks/vnet-spoke/subnets/subnet-aks-pods",
            "name": "subnet-aks-pods",
            "private_endpoint_network_policies_enabled": true,
            "private_link_service_network_policies_enabled": true,
            "resource_group_name": "rg-spoke",
            "service_endpoint_policy_ids": [],
            "service_endpoints": [],
            "timeouts": null,
            "virtual_network_name": "vnet-spoke"
          },
          "sensitive_attributes": [],
          "private": "eyJlMmJmYjczMC1lY2FhLTExZTYtOGY4OC0zNDM2M2JjN2M0YzAiOnsiY3JlYXRlIjoxODAwMDAwMDAwMDAwLCJkZWxldGUiOjE4MDAwMDAwMDAwMDAsInJlYWQiOjMwMDAwMDAwMDAwMCwidXBkYXRlIjoxODAwMDAwMDAwMDAwfX0=",
          "dependencies": [
            "azurerm_resource_group.rg_spoke",
            "azurerm_virtual_network.vnet_spoke"
          ]
        }
      ]
    },
    {
      "mode": "managed",
      "type": "azurerm_subnet_nat_gateway_association",
      "name": "subnetnodes_assoc",
      "provider": "provider[\"registry.terraform.io/hashicorp/azurerm\"]",
      "instances": [
        {
          "index_key": 0,
          "schema_version": 0,
          "attributes": {
            "id": "/subscriptions/59d574d4-1c03-4092-ab22-312ed594eec9/resourceGroups/rg-spoke/providers/Microsoft.Network/virtualNetworks/vnet-spoke/subnets/subnet-aks-nodes",
            "nat_gateway_id": "/subscriptions/59d574d4-1c03-4092-ab22-312ed594eec9/resourceGroups/rg-aks-cluster/providers/Microsoft.Network/natGateways/nat-gateway",
            "subnet_id": "/subscriptions/59d574d4-1c03-4092-ab22-312ed594eec9/resourceGroups/rg-spoke/providers/Microsoft.Network/virtualNetworks/vnet-spoke/subnets/subnet-aks-nodes",
            "timeouts": null
          },
          "sensitive_attributes": [],
          "private": "eyJlMmJmYjczMC1lY2FhLTExZTYtOGY4OC0zNDM2M2JjN2M0YzAiOnsiY3JlYXRlIjoxODAwMDAwMDAwMDAwLCJkZWxldGUiOjE4MDAwMDAwMDAwMDAsInJlYWQiOjMwMDAwMDAwMDAwMCwidXBkYXRlIjoxODAwMDAwMDAwMDAwfX0=",
          "dependencies": [
            "azurerm_nat_gateway.natgw",
            "azurerm_resource_group.rg_aks",
            "azurerm_resource_group.rg_spoke",
            "azurerm_subnet.subnet_nodes",
            "azurerm_virtual_network.vnet_spoke"
          ]
        }
      ]
    },
    {
      "mode": "managed",
      "type": "azurerm_subnet_nat_gateway_association",
      "name": "subnetpods_assoc",
      "provider": "provider[\"registry.terraform.io/hashicorp/azurerm\"]",
      "instances": [
        {
          "index_key": 0,
          "schema_version": 0,
          "attributes": {
            "id": "/subscriptions/59d574d4-1c03-4092-ab22-312ed594eec9/resourceGroups/rg-spoke/providers/Microsoft.Network/virtualNetworks/vnet-spoke/subnets/subnet-aks-pods",
            "nat_gateway_id": "/subscriptions/59d574d4-1c03-4092-ab22-312ed594eec9/resourceGroups/rg-aks-cluster/providers/Microsoft.Network/natGateways/nat-gateway",
            "subnet_id": "/subscriptions/59d574d4-1c03-4092-ab22-312ed594eec9/resourceGroups/rg-spoke/providers/Microsoft.Network/virtualNetworks/vnet-spoke/subnets/subnet-aks-pods",
            "timeouts": null
          },
          "sensitive_attributes": [],
          "private": "eyJlMmJmYjczMC1lY2FhLTExZTYtOGY4OC0zNDM2M2JjN2M0YzAiOnsiY3JlYXRlIjoxODAwMDAwMDAwMDAwLCJkZWxldGUiOjE4MDAwMDAwMDAwMDAsInJlYWQiOjMwMDAwMDAwMDAwMCwidXBkYXRlIjoxODAwMDAwMDAwMDAwfX0=",
          "dependencies": [
            "azurerm_nat_gateway.natgw",
            "azurerm_resource_group.rg_aks",
            "azurerm_resource_group.rg_spoke",
            "azurerm_subnet.subnet_pods",
            "azurerm_virtual_network.vnet_spoke"
          ]
        }
      ]
    },
    {
      "mode": "managed",
      "type": "azurerm_user_assigned_identity",
      "name": "identity-kubelet",
      "provider": "provider[\"registry.terraform.io/hashicorp/azurerm\"]",
      "instances": [
        {
          "schema_version": 1,
          "attributes": {
            "client_id": "fa0789d8-5580-4ae9-8612-8cd5fb619adc",
            "id": "/subscriptions/59d574d4-1c03-4092-ab22-312ed594eec9/resourceGroups/rg-aks-cluster/providers/Microsoft.ManagedIdentity/userAssignedIdentities/aks-cluster-agentpool",
            "location": "westeurope",
            "name": "aks-cluster-agentpool",
            "principal_id": "81a9f9af-9931-4048-a519-e6a8201fdf4a",
            "resource_group_name": "rg-aks-cluster",
            "tags": {
              "environment": "development",
              "source": "terraform"
            },
            "tenant_id": "558506eb-9459-4ef3-b920-ad55c555e729",
            "timeouts": null
          },
          "sensitive_attributes": [],
          "private": "eyJlMmJmYjczMC1lY2FhLTExZTYtOGY4OC0zNDM2M2JjN2M0YzAiOnsiY3JlYXRlIjoxODAwMDAwMDAwMDAwLCJkZWxldGUiOjE4MDAwMDAwMDAwMDAsInJlYWQiOjMwMDAwMDAwMDAwMCwidXBkYXRlIjoxODAwMDAwMDAwMDAwfSwic2NoZW1hX3ZlcnNpb24iOiIxIn0=",
          "dependencies": [
            "azurerm_resource_group.rg_aks"
          ]
        }
      ]
    },
    {
      "mode": "managed",
      "type": "azurerm_user_assigned_identity",
      "name": "identity_aks",
      "provider": "provider[\"registry.terraform.io/hashicorp/azurerm\"]",
      "instances": [
        {
          "schema_version": 1,
          "attributes": {
            "client_id": "27c6e6f7-26b8-41a8-9e0a-e8f1d887a067",
            "id": "/subscriptions/59d574d4-1c03-4092-ab22-312ed594eec9/resourceGroups/rg-aks-cluster/providers/Microsoft.ManagedIdentity/userAssignedIdentities/identity_aks",
            "location": "westeurope",
            "name": "identity_aks",
            "principal_id": "a7d5c53f-1011-4e82-9a55-fcabebd95835",
            "resource_group_name": "rg-aks-cluster",
            "tags": {
              "environment": "development",
              "source": "terraform"
            },
            "tenant_id": "558506eb-9459-4ef3-b920-ad55c555e729",
            "timeouts": null
          },
          "sensitive_attributes": [],
          "private": "eyJlMmJmYjczMC1lY2FhLTExZTYtOGY4OC0zNDM2M2JjN2M0YzAiOnsiY3JlYXRlIjoxODAwMDAwMDAwMDAwLCJkZWxldGUiOjE4MDAwMDAwMDAwMDAsInJlYWQiOjMwMDAwMDAwMDAwMCwidXBkYXRlIjoxODAwMDAwMDAwMDAwfSwic2NoZW1hX3ZlcnNpb24iOiIxIn0=",
          "dependencies": [
            "azurerm_resource_group.rg_aks"
          ]
        }
      ]
    },
    {
      "mode": "managed",
      "type": "azurerm_virtual_network",
      "name": "vnet_hub",
      "provider": "provider[\"registry.terraform.io/hashicorp/azurerm\"].subscription_hub",
      "instances": [
        {
          "index_key": 0,
          "schema_version": 0,
          "attributes": {
            "address_space": [
              "172.17.0.0/16"
            ],
            "bgp_community": "",
            "ddos_protection_plan": [],
            "dns_servers": [],
            "edge_zone": "",
            "flow_timeout_in_minutes": 0,
            "guid": "8e23a9fe-b867-40d0-bfbf-c662fd44d757",
            "id": "/subscriptions/4b72ed90-7ca3-4e76-8d0f-31a2c0bee7a3/resourceGroups/rg-hub/providers/Microsoft.Network/virtualNetworks/vnet-hub",
            "location": "westeurope",
            "name": "vnet-hub",
            "resource_group_name": "rg-hub",
            "subnet": [
              {
                "address_prefix": "172.17.0.0/26",
                "id": "/subscriptions/4b72ed90-7ca3-4e76-8d0f-31a2c0bee7a3/resourceGroups/rg-hub/providers/Microsoft.Network/virtualNetworks/vnet-hub/subnets/AzureFirewallSubnet",
                "name": "AzureFirewallSubnet",
                "security_group": ""
              }
            ],
            "tags": {},
            "timeouts": null
          },
          "sensitive_attributes": [],
          "private": "eyJlMmJmYjczMC1lY2FhLTExZTYtOGY4OC0zNDM2M2JjN2M0YzAiOnsiY3JlYXRlIjoxODAwMDAwMDAwMDAwLCJkZWxldGUiOjE4MDAwMDAwMDAwMDAsInJlYWQiOjMwMDAwMDAwMDAwMCwidXBkYXRlIjoxODAwMDAwMDAwMDAwfX0=",
          "dependencies": [
            "azurerm_resource_group.rg_hub"
          ]
        }
      ]
    },
    {
      "mode": "managed",
      "type": "azurerm_virtual_network",
      "name": "vnet_spoke",
      "provider": "provider[\"registry.terraform.io/hashicorp/azurerm\"]",
      "instances": [
        {
          "schema_version": 0,
          "attributes": {
            "address_space": [
              "10.0.0.0/8"
            ],
            "bgp_community": "",
            "ddos_protection_plan": [],
            "dns_servers": [],
            "edge_zone": "",
            "flow_timeout_in_minutes": 0,
            "guid": "cfc8205a-63f3-4426-892d-84e624f55766",
            "id": "/subscriptions/59d574d4-1c03-4092-ab22-312ed594eec9/resourceGroups/rg-spoke/providers/Microsoft.Network/virtualNetworks/vnet-spoke",
            "location": "westeurope",
            "name": "vnet-spoke",
            "resource_group_name": "rg-spoke",
            "subnet": [
              {
                "address_prefix": "10.2.0.0/28",
                "id": "/subscriptions/59d574d4-1c03-4092-ab22-312ed594eec9/resourceGroups/rg-spoke/providers/Microsoft.Network/virtualNetworks/vnet-spoke/subnets/subnet-pe",
                "name": "subnet-pe",
                "security_group": ""
              },
              {
                "address_prefix": "10.240.0.0/16",
                "id": "/subscriptions/59d574d4-1c03-4092-ab22-312ed594eec9/resourceGroups/rg-spoke/providers/Microsoft.Network/virtualNetworks/vnet-spoke/subnets/subnet-aks-pods",
                "name": "subnet-aks-pods",
                "security_group": ""
              },
              {
                "address_prefix": "10.241.0.0/24",
                "id": "/subscriptions/59d574d4-1c03-4092-ab22-312ed594eec9/resourceGroups/rg-spoke/providers/Microsoft.Network/virtualNetworks/vnet-spoke/subnets/subnet-aks-nodes",
                "name": "subnet-aks-nodes",
                "security_group": ""
              },
              {
                "address_prefix": "10.3.0.0/27",
                "id": "/subscriptions/59d574d4-1c03-4092-ab22-312ed594eec9/resourceGroups/rg-spoke/providers/Microsoft.Network/virtualNetworks/vnet-spoke/subnets/AzureBastionSubnet",
                "name": "AzureBastionSubnet",
                "security_group": ""
              },
              {
                "address_prefix": "10.4.0.0/24",
                "id": "/subscriptions/59d574d4-1c03-4092-ab22-312ed594eec9/resourceGroups/rg-spoke/providers/Microsoft.Network/virtualNetworks/vnet-spoke/subnets/subnet-jumpbox",
                "name": "subnet-jumpbox",
                "security_group": ""
              }
            ],
            "tags": {
              "environment": "development",
              "source": "terraform"
            },
            "timeouts": null
          },
          "sensitive_attributes": [],
          "private": "eyJlMmJmYjczMC1lY2FhLTExZTYtOGY4OC0zNDM2M2JjN2M0YzAiOnsiY3JlYXRlIjoxODAwMDAwMDAwMDAwLCJkZWxldGUiOjE4MDAwMDAwMDAwMDAsInJlYWQiOjMwMDAwMDAwMDAwMCwidXBkYXRlIjoxODAwMDAwMDAwMDAwfX0=",
          "dependencies": [
            "azurerm_resource_group.rg_spoke"
          ],
          "create_before_destroy": true
        }
      ]
    },
    {
      "mode": "managed",
      "type": "azurerm_virtual_network_peering",
      "name": "vnet_peering_hub_to_spoke",
      "provider": "provider[\"registry.terraform.io/hashicorp/azurerm\"].subscription_hub",
      "instances": [
        {
          "index_key": 0,
          "schema_version": 0,
          "attributes": {
            "allow_forwarded_traffic": true,
            "allow_gateway_transit": false,
            "allow_virtual_network_access": true,
            "id": "/subscriptions/4b72ed90-7ca3-4e76-8d0f-31a2c0bee7a3/resourceGroups/rg-hub/providers/Microsoft.Network/virtualNetworks/vnet-hub/virtualNetworkPeerings/vnet_peering_hub_to_spoke",
            "name": "vnet_peering_hub_to_spoke",
            "remote_virtual_network_id": "/subscriptions/59d574d4-1c03-4092-ab22-312ed594eec9/resourceGroups/rg-spoke/providers/Microsoft.Network/virtualNetworks/vnet-spoke",
            "resource_group_name": "rg-hub",
            "timeouts": null,
            "use_remote_gateways": false,
            "virtual_network_name": "vnet-hub"
          },
          "sensitive_attributes": [],
          "private": "eyJlMmJmYjczMC1lY2FhLTExZTYtOGY4OC0zNDM2M2JjN2M0YzAiOnsiY3JlYXRlIjoxODAwMDAwMDAwMDAwLCJkZWxldGUiOjE4MDAwMDAwMDAwMDAsInJlYWQiOjMwMDAwMDAwMDAwMCwidXBkYXRlIjoxODAwMDAwMDAwMDAwfX0=",
          "dependencies": [
            "azurerm_resource_group.rg_hub",
            "azurerm_resource_group.rg_spoke",
            "azurerm_virtual_network.vnet_hub",
            "azurerm_virtual_network.vnet_spoke"
          ]
        }
      ]
    },
    {
      "mode": "managed",
      "type": "azurerm_virtual_network_peering",
      "name": "vnet_peering_spoke_to_hub",
      "provider": "provider[\"registry.terraform.io/hashicorp/azurerm\"]",
      "instances": [
        {
          "index_key": 0,
          "schema_version": 0,
          "attributes": {
            "allow_forwarded_traffic": true,
            "allow_gateway_transit": false,
            "allow_virtual_network_access": true,
            "id": "/subscriptions/59d574d4-1c03-4092-ab22-312ed594eec9/resourceGroups/rg-spoke/providers/Microsoft.Network/virtualNetworks/vnet-spoke/virtualNetworkPeerings/vnet_peering_spoke_to_hub",
            "name": "vnet_peering_spoke_to_hub",
            "remote_virtual_network_id": "/subscriptions/4b72ed90-7ca3-4e76-8d0f-31a2c0bee7a3/resourceGroups/rg-hub/providers/Microsoft.Network/virtualNetworks/vnet-hub",
            "resource_group_name": "rg-spoke",
            "timeouts": null,
            "use_remote_gateways": false,
            "virtual_network_name": "vnet-spoke"
          },
          "sensitive_attributes": [],
          "private": "eyJlMmJmYjczMC1lY2FhLTExZTYtOGY4OC0zNDM2M2JjN2M0YzAiOnsiY3JlYXRlIjoxODAwMDAwMDAwMDAwLCJkZWxldGUiOjE4MDAwMDAwMDAwMDAsInJlYWQiOjMwMDAwMDAwMDAwMCwidXBkYXRlIjoxODAwMDAwMDAwMDAwfX0=",
          "dependencies": [
            "azurerm_resource_group.rg_hub",
            "azurerm_resource_group.rg_spoke",
            "azurerm_virtual_network.vnet_hub",
            "azurerm_virtual_network.vnet_spoke"
          ]
        }
      ]
    },
    {
      "mode": "managed",
      "type": "azurerm_windows_virtual_machine",
      "name": "vm_jumpbox_windows",
      "provider": "provider[\"registry.terraform.io/hashicorp/azurerm\"]",
      "instances": [
        {
          "index_key": 0,
          "schema_version": 0,
          "attributes": {
            "additional_capabilities": [],
            "additional_unattend_content": [],
            "admin_password": "@Aa123456789",
            "admin_username": "houssem",
            "allow_extension_operations": true,
            "availability_set_id": "",
            "boot_diagnostics": [
              {
                "storage_account_uri": ""
              }
            ],
            "capacity_reservation_group_id": "",
            "computer_name": "vm-jumpbox-win",
            "custom_data": null,
            "dedicated_host_group_id": "",
            "dedicated_host_id": "",
            "edge_zone": "",
            "enable_automatic_updates": true,
            "encryption_at_host_enabled": false,
            "eviction_policy": "",
            "extensions_time_budget": "PT1H30M",
            "gallery_application": [],
            "hotpatching_enabled": false,
            "id": "/subscriptions/59d574d4-1c03-4092-ab22-312ed594eec9/resourceGroups/rg-spoke-mgt/providers/Microsoft.Compute/virtualMachines/vm-jumpbox-win",
            "identity": [],
            "license_type": "",
            "location": "westeurope",
            "max_bid_price": -1,
            "name": "vm-jumpbox-win",
            "network_interface_ids": [
              "/subscriptions/59d574d4-1c03-4092-ab22-312ed594eec9/resourceGroups/rg-spoke-mgt/providers/Microsoft.Network/networkInterfaces/nic-vm-jumpbox-windows"
            ],
            "os_disk": [
              {
                "caching": "ReadWrite",
                "diff_disk_settings": [],
                "disk_encryption_set_id": "",
                "disk_size_gb": 127,
                "name": "vm-jumpbox-win_OsDisk_1_ddd72a1c9e274052ad1d76d17d3fa4ce",
                "secure_vm_disk_encryption_set_id": "",
                "security_encryption_type": "",
                "storage_account_type": "StandardSSD_LRS",
                "write_accelerator_enabled": false
              }
            ],
            "patch_assessment_mode": "ImageDefault",
            "patch_mode": "AutomaticByOS",
            "plan": [],
            "platform_fault_domain": -1,
            "priority": "Regular",
            "private_ip_address": "10.4.0.5",
            "private_ip_addresses": [
              "10.4.0.5"
            ],
            "provision_vm_agent": true,
            "proximity_placement_group_id": "",
            "public_ip_address": "",
            "public_ip_addresses": [],
            "resource_group_name": "rg-spoke-mgt",
            "secret": [],
            "secure_boot_enabled": false,
            "size": "Standard_D2ads_v5",
            "source_image_id": "",
            "source_image_reference": [
              {
                "offer": "Windows-10",
                "publisher": "MicrosoftWindowsDesktop",
                "sku": "21h1-ent-g2",
                "version": "latest"
              }
            ],
            "tags": {},
            "termination_notification": [],
            "timeouts": null,
            "timezone": "",
            "user_data": "",
            "virtual_machine_id": "89a24d29-8b19-4a34-bdc1-417cf6aa1766",
            "virtual_machine_scale_set_id": "",
            "vtpm_enabled": false,
            "winrm_listener": [],
            "zone": ""
          },
          "sensitive_attributes": [],
          "private": "eyJlMmJmYjczMC1lY2FhLTExZTYtOGY4OC0zNDM2M2JjN2M0YzAiOnsiY3JlYXRlIjoyNzAwMDAwMDAwMDAwLCJkZWxldGUiOjI3MDAwMDAwMDAwMDAsInJlYWQiOjMwMDAwMDAwMDAwMCwidXBkYXRlIjoyNzAwMDAwMDAwMDAwfX0=",
          "dependencies": [
            "azurerm_network_interface.nic_vm_jumpbox_windows",
            "azurerm_resource_group.rg_spoke",
            "azurerm_resource_group.rg_spoke_mgt",
            "azurerm_subnet.subnet_jumpbox",
            "azurerm_virtual_network.vnet_spoke"
          ]
        }
      ]
    }
  ],
  "check_results": []
}
