{
  "version": 4,
  "terraform_version": "1.2.3",
  "serial": 47,
  "lineage": "8adecca6-8154-b592-cfb0-de05a0b1830c",
  "outputs": {},
  "resources": [
    {
      "mode": "data",
      "type": "azuread_client_config",
      "name": "current",
      "provider": "provider[\"registry.terraform.io/hashicorp/azuread\"]",
      "instances": [
        {
          "schema_version": 0,
          "attributes": {
            "client_id": "04b07795-8ddb-461a-bbee-02f9e1bf7b46",
            "id": "558506eb-9459-4ef3-b920-ad55c555e729-04b07795-8ddb-461a-bbee-02f9e1bf7b46-f97fc9ba-ebda-439e-825a-0e25801cb32c",
            "object_id": "f97fc9ba-ebda-439e-825a-0e25801cb32c",
            "tenant_id": "558506eb-9459-4ef3-b920-ad55c555e729",
            "timeouts": null
          },
          "sensitive_attributes": []
        }
      ]
    },
    {
      "mode": "data",
      "type": "azuread_service_principal",
      "name": "aks_aad_server",
      "provider": "provider[\"registry.terraform.io/hashicorp/azuread\"]",
      "instances": [
        {
          "schema_version": 0,
          "attributes": {
            "account_enabled": true,
            "alternative_names": [],
            "app_role_assignment_required": false,
            "app_role_ids": {},
            "app_roles": [],
            "application_id": "6dae42f8-4368-4678-94ff-3960e28e3630",
            "application_tenant_id": "f8cdef31-a31e-4b4a-93e4-5f571e91255a",
            "description": "",
            "display_name": "Azure Kubernetes Service AAD Server",
            "feature_tags": [
              {
                "custom_single_sign_on": false,
                "enterprise": false,
                "gallery": false,
                "hide": false
              }
            ],
            "features": [
              {
                "custom_single_sign_on_app": false,
                "enterprise_application": false,
                "gallery_application": false,
                "visible_to_users": true
              }
            ],
            "homepage_url": "",
            "id": "5dc776ad-9525-4afd-ad24-334e21ad710e",
            "login_url": "",
            "logout_url": "",
            "notes": "",
            "notification_email_addresses": [],
            "oauth2_permission_scope_ids": {
              "user.read": "34a47c2f-cd0d-47b4-a93c-2c41130c671c"
            },
            "oauth2_permission_scopes": [
              {
                "admin_consent_description": "this allows to read user profile",
                "admin_consent_display_name": "user.read",
                "enabled": true,
                "id": "34a47c2f-cd0d-47b4-a93c-2c41130c671c",
                "type": "User",
                "user_consent_description": "this allows to read user profile",
                "user_consent_display_name": "user.read",
                "value": "user.read"
              }
            ],
            "object_id": "5dc776ad-9525-4afd-ad24-334e21ad710e",
            "preferred_single_sign_on_mode": "",
            "redirect_uris": [],
            "saml_metadata_url": "",
            "saml_single_sign_on": [],
            "service_principal_names": [
              "https://aks-aad-server.azure.com"
            ],
            "sign_in_audience": "AzureADMultipleOrgs",
            "tags": [],
            "timeouts": null,
            "type": "Application"
          },
          "sensitive_attributes": []
        }
      ]
    },
    {
      "mode": "data",
      "type": "azurerm_client_config",
      "name": "current",
      "provider": "provider[\"registry.terraform.io/hashicorp/azurerm\"]",
      "instances": [
        {
          "schema_version": 0,
          "attributes": {
            "client_id": "04b07795-8ddb-461a-bbee-02f9e1bf7b46",
            "id": "2022-06-24 10:02:28.9304932 +0000 UTC",
            "object_id": "f97fc9ba-ebda-439e-825a-0e25801cb32c",
            "subscription_id": "7b1f7584-2f78-4923-851d-04a91bb32a57",
            "tenant_id": "558506eb-9459-4ef3-b920-ad55c555e729",
            "timeouts": null
          },
          "sensitive_attributes": []
        }
      ]
    },
    {
      "mode": "data",
      "type": "azurerm_kubernetes_service_versions",
      "name": "current",
      "provider": "provider[\"registry.terraform.io/hashicorp/azurerm\"]",
      "instances": [
        {
          "schema_version": 0,
          "attributes": {
            "id": "/subscriptions/7b1f7584-2f78-4923-851d-04a91bb32a57/providers/Microsoft.ContainerService/locations/westeurope/orchestrators",
            "include_preview": true,
            "latest_version": "1.24.0",
            "location": "westeurope",
            "timeouts": null,
            "version_prefix": null,
            "versions": [
              "1.21.7",
              "1.21.9",
              "1.22.4",
              "1.22.6",
              "1.23.3",
              "1.23.5",
              "1.24.0"
            ]
          },
          "sensitive_attributes": []
        }
      ]
    },
    {
      "mode": "data",
      "type": "azurerm_private_dns_zone",
      "name": "private_dns_aks",
      "provider": "provider[\"registry.terraform.io/hashicorp/azurerm\"]",
      "instances": [
        {
          "schema_version": 0,
          "attributes": {
            "id": "/subscriptions/7b1f7584-2f78-4923-851d-04a91bb32a57/resourceGroups/rg-aks-cluster-managed/providers/Microsoft.Network/privateDnsZones/01e40daf-b242-4075-a3ca-3a106e498f89.privatelink.westeurope.azmk8s.io",
            "max_number_of_record_sets": 25000,
            "max_number_of_virtual_network_links": 1000,
            "max_number_of_virtual_network_links_with_registration": 100,
            "name": "01e40daf-b242-4075-a3ca-3a106e498f89.privatelink.westeurope.azmk8s.io",
            "number_of_record_sets": 2,
            "resource_group_name": "rg-aks-cluster-managed",
            "tags": {
              "environment": "development",
              "source": "terraform"
            },
            "timeouts": null
          },
          "sensitive_attributes": []
        }
      ]
    },
    {
      "mode": "data",
      "type": "azurerm_subscription",
      "name": "current",
      "provider": "provider[\"registry.terraform.io/hashicorp/azurerm\"]",
      "instances": [
        {
          "schema_version": 0,
          "attributes": {
            "display_name": "Microsoft-Azure-3",
            "id": "/subscriptions/7b1f7584-2f78-4923-851d-04a91bb32a57",
            "location_placement_id": "Public_2014-09-01",
            "quota_id": "MSDN_2014-09-01",
            "spending_limit": "On",
            "state": "Enabled",
            "subscription_id": "7b1f7584-2f78-4923-851d-04a91bb32a57",
            "tags": {},
            "tenant_id": "558506eb-9459-4ef3-b920-ad55c555e729",
            "timeouts": null
          },
          "sensitive_attributes": []
        }
      ]
    },
    {
      "mode": "data",
      "type": "azurerm_virtual_network",
      "name": "vnet_vm_jumpbox",
      "provider": "provider[\"registry.terraform.io/hashicorp/azurerm\"].ms-internal",
      "instances": [
        {
          "schema_version": 0,
          "attributes": {
            "address_space": [
              "172.16.0.0/16"
            ],
            "dns_servers": [],
            "guid": "74c79491-f1f3-4051-9f26-408d224d11c3",
            "id": "/subscriptions/4b72ed90-7ca3-4e76-8d0f-31a2c0bee7a3/resourceGroups/rg-vm-devbox/providers/Microsoft.Network/virtualNetworks/rg-vm-devbox-vnet",
            "location": "westeurope",
            "name": "rg-vm-devbox-vnet",
            "resource_group_name": "rg-vm-devbox",
            "subnets": [
              "default"
            ],
            "tags": {},
            "timeouts": null,
            "vnet_peerings": {
              "peering_vnet_vm_jumpbox_vnet_aks": "/subscriptions/7b1f7584-2f78-4923-851d-04a91bb32a57/resourceGroups/rg-aks-cluster/providers/Microsoft.Network/virtualNetworks/vnet-spoke-aks"
            },
            "vnet_peerings_addresses": [
              "10.0.0.0/8"
            ]
          },
          "sensitive_attributes": []
        }
      ]
    },
    {
      "mode": "managed",
      "type": "azuread_group",
      "name": "aks_admins",
      "provider": "provider[\"registry.terraform.io/hashicorp/azuread\"]",
      "instances": [
        {
          "schema_version": 0,
          "attributes": {
            "assignable_to_role": false,
            "auto_subscribe_new_members": false,
            "behaviors": [],
            "description": "",
            "display_name": "group_aks_admins",
            "dynamic_membership": [],
            "external_senders_allowed": false,
            "hide_from_address_lists": false,
            "hide_from_outlook_clients": false,
            "id": "b11b532d-3505-4a6b-b133-0b52d25ed649",
            "mail": "",
            "mail_enabled": false,
            "mail_nickname": "a63bb2d7-b",
            "members": [
              "f97fc9ba-ebda-439e-825a-0e25801cb32c"
            ],
            "object_id": "b11b532d-3505-4a6b-b133-0b52d25ed649",
            "onpremises_domain_name": "",
            "onpremises_netbios_name": "",
            "onpremises_sam_account_name": "",
            "onpremises_security_identifier": "",
            "onpremises_sync_enabled": false,
            "owners": [
              "f97fc9ba-ebda-439e-825a-0e25801cb32c"
            ],
            "preferred_language": "",
            "prevent_duplicate_names": false,
            "provisioning_options": [],
            "proxy_addresses": [],
            "security_enabled": true,
            "theme": "",
            "timeouts": null,
            "types": [],
            "visibility": ""
          },
          "sensitive_attributes": [],
          "private": "eyJlMmJmYjczMC1lY2FhLTExZTYtOGY4OC0zNDM2M2JjN2M0YzAiOnsiY3JlYXRlIjoxMjAwMDAwMDAwMDAwLCJkZWxldGUiOjMwMDAwMDAwMDAwMCwicmVhZCI6MzAwMDAwMDAwMDAwLCJ1cGRhdGUiOjEyMDAwMDAwMDAwMDB9fQ==",
          "dependencies": [
            "data.azuread_client_config.current"
          ]
        }
      ]
    },
    {
      "mode": "managed",
      "type": "azurerm_application_gateway",
      "name": "appgw",
      "provider": "provider[\"registry.terraform.io/hashicorp/azurerm\"]",
      "instances": [
        {
          "schema_version": 0,
          "attributes": {
            "authentication_certificate": [],
            "autoscale_configuration": [],
            "backend_address_pool": [
              {
                "fqdns": [],
                "id": "/subscriptions/7b1f7584-2f78-4923-851d-04a91bb32a57/resourceGroups/rg-aks-cluster/providers/Microsoft.Network/applicationGateways/appgw-aks/backendAddressPools/defaultaddresspool",
                "ip_addresses": [],
                "name": "defaultaddresspool"
              }
            ],
            "backend_http_settings": [
              {
                "affinity_cookie_name": "",
                "authentication_certificate": [],
                "connection_draining": [],
                "cookie_based_affinity": "Disabled",
                "host_name": "",
                "id": "/subscriptions/7b1f7584-2f78-4923-851d-04a91bb32a57/resourceGroups/rg-aks-cluster/providers/Microsoft.Network/applicationGateways/appgw-aks/backendHttpSettingsCollection/defaulthttpsetting",
                "name": "defaulthttpsetting",
                "path": "",
                "pick_host_name_from_backend_address": false,
                "port": 80,
                "probe_id": "/subscriptions/7b1f7584-2f78-4923-851d-04a91bb32a57/resourceGroups/rg-aks-cluster/providers/Microsoft.Network/applicationGateways/appgw-aks/probes/defaultprobe-Http",
                "probe_name": "defaultprobe-Http",
                "protocol": "Http",
                "request_timeout": 30,
                "trusted_root_certificate_names": []
              }
            ],
            "custom_error_configuration": [],
            "enable_http2": false,
            "fips_enabled": false,
            "firewall_policy_id": null,
            "force_firewall_policy_association": false,
            "frontend_ip_configuration": [
              {
                "id": "/subscriptions/7b1f7584-2f78-4923-851d-04a91bb32a57/resourceGroups/rg-aks-cluster/providers/Microsoft.Network/applicationGateways/appgw-aks/frontendIPConfigurations/vnet-spoke-aks-feip",
                "name": "vnet-spoke-aks-feip",
                "private_ip_address": "",
                "private_ip_address_allocation": "Dynamic",
                "private_link_configuration_id": "",
                "private_link_configuration_name": "",
                "public_ip_address_id": "/subscriptions/7b1f7584-2f78-4923-851d-04a91bb32a57/resourceGroups/rg-aks-cluster/providers/Microsoft.Network/publicIPAddresses/publicIp-appgw",
                "subnet_id": ""
              }
            ],
            "frontend_port": [
              {
                "id": "/subscriptions/7b1f7584-2f78-4923-851d-04a91bb32a57/resourceGroups/rg-aks-cluster/providers/Microsoft.Network/applicationGateways/appgw-aks/frontendPorts/vnet-spoke-aks-feport",
                "name": "vnet-spoke-aks-feport",
                "port": 80
              }
            ],
            "gateway_ip_configuration": [
              {
                "id": "/subscriptions/7b1f7584-2f78-4923-851d-04a91bb32a57/resourceGroups/rg-aks-cluster/providers/Microsoft.Network/applicationGateways/appgw-aks/gatewayIPConfigurations/appGatewayIpConfig",
                "name": "appGatewayIpConfig",
                "subnet_id": "/subscriptions/7b1f7584-2f78-4923-851d-04a91bb32a57/resourceGroups/rg-aks-cluster/providers/Microsoft.Network/virtualNetworks/vnet-spoke-aks/subnets/subnet-appgw"
              }
            ],
            "http_listener": [
              {
                "custom_error_configuration": [],
                "firewall_policy_id": "",
                "frontend_ip_configuration_id": "/subscriptions/7b1f7584-2f78-4923-851d-04a91bb32a57/resourceGroups/rg-aks-cluster/providers/Microsoft.Network/applicationGateways/appgw-aks/frontendIPConfigurations/vnet-spoke-aks-feip",
                "frontend_ip_configuration_name": "vnet-spoke-aks-feip",
                "frontend_port_id": "/subscriptions/7b1f7584-2f78-4923-851d-04a91bb32a57/resourceGroups/rg-aks-cluster/providers/Microsoft.Network/applicationGateways/appgw-aks/frontendPorts/vnet-spoke-aks-feport",
                "frontend_port_name": "vnet-spoke-aks-feport",
                "host_name": "",
                "host_names": [],
                "id": "/subscriptions/7b1f7584-2f78-4923-851d-04a91bb32a57/resourceGroups/rg-aks-cluster/providers/Microsoft.Network/applicationGateways/appgw-aks/httpListeners/fl-e1903c8aa3446b7b3207aec6d6ecba8a",
                "name": "fl-e1903c8aa3446b7b3207aec6d6ecba8a",
                "protocol": "Http",
                "require_sni": false,
                "ssl_certificate_id": "",
                "ssl_certificate_name": "",
                "ssl_profile_id": "",
                "ssl_profile_name": ""
              }
            ],
            "id": "/subscriptions/7b1f7584-2f78-4923-851d-04a91bb32a57/resourceGroups/rg-aks-cluster/providers/Microsoft.Network/applicationGateways/appgw-aks",
            "identity": [],
            "location": "westeurope",
            "name": "appgw-aks",
            "private_endpoint_connection": [],
            "private_link_configuration": [],
            "probe": [
              {
                "host": "localhost",
                "id": "/subscriptions/7b1f7584-2f78-4923-851d-04a91bb32a57/resourceGroups/rg-aks-cluster/providers/Microsoft.Network/applicationGateways/appgw-aks/probes/defaultprobe-Http",
                "interval": 30,
                "match": [
                  {
                    "body": "",
                    "status_code": []
                  }
                ],
                "minimum_servers": 0,
                "name": "defaultprobe-Http",
                "path": "/",
                "pick_host_name_from_backend_http_settings": false,
                "port": 0,
                "protocol": "Http",
                "timeout": 30,
                "unhealthy_threshold": 3
              },
              {
                "host": "localhost",
                "id": "/subscriptions/7b1f7584-2f78-4923-851d-04a91bb32a57/resourceGroups/rg-aks-cluster/providers/Microsoft.Network/applicationGateways/appgw-aks/probes/defaultprobe-Https",
                "interval": 30,
                "match": [
                  {
                    "body": "",
                    "status_code": []
                  }
                ],
                "minimum_servers": 0,
                "name": "defaultprobe-Https",
                "path": "/",
                "pick_host_name_from_backend_http_settings": false,
                "port": 0,
                "protocol": "Https",
                "timeout": 30,
                "unhealthy_threshold": 3
              }
            ],
            "redirect_configuration": [],
            "request_routing_rule": [
              {
                "backend_address_pool_id": "/subscriptions/7b1f7584-2f78-4923-851d-04a91bb32a57/resourceGroups/rg-aks-cluster/providers/Microsoft.Network/applicationGateways/appgw-aks/backendAddressPools/defaultaddresspool",
                "backend_address_pool_name": "defaultaddresspool",
                "backend_http_settings_id": "/subscriptions/7b1f7584-2f78-4923-851d-04a91bb32a57/resourceGroups/rg-aks-cluster/providers/Microsoft.Network/applicationGateways/appgw-aks/backendHttpSettingsCollection/defaulthttpsetting",
                "backend_http_settings_name": "defaulthttpsetting",
                "http_listener_id": "/subscriptions/7b1f7584-2f78-4923-851d-04a91bb32a57/resourceGroups/rg-aks-cluster/providers/Microsoft.Network/applicationGateways/appgw-aks/httpListeners/fl-e1903c8aa3446b7b3207aec6d6ecba8a",
                "http_listener_name": "fl-e1903c8aa3446b7b3207aec6d6ecba8a",
                "id": "/subscriptions/7b1f7584-2f78-4923-851d-04a91bb32a57/resourceGroups/rg-aks-cluster/providers/Microsoft.Network/applicationGateways/appgw-aks/requestRoutingRules/rr-e1903c8aa3446b7b3207aec6d6ecba8a",
                "name": "rr-e1903c8aa3446b7b3207aec6d6ecba8a",
                "priority": 10010,
                "redirect_configuration_id": "",
                "redirect_configuration_name": "",
                "rewrite_rule_set_id": "",
                "rewrite_rule_set_name": "",
                "rule_type": "Basic",
                "url_path_map_id": "",
                "url_path_map_name": ""
              }
            ],
            "resource_group_name": "rg-aks-cluster",
            "rewrite_rule_set": [],
            "sku": [
              {
                "capacity": 2,
                "name": "Standard_v2",
                "tier": "Standard_v2"
              }
            ],
            "ssl_certificate": [],
            "ssl_policy": [
              {
                "cipher_suites": [],
                "disabled_protocols": [],
                "min_protocol_version": "",
                "policy_name": "AppGwSslPolicy20150501",
                "policy_type": "Predefined"
              }
            ],
            "ssl_profile": [],
            "tags": {
              "environment": "development",
              "managed-by-k8s-ingress": "1.5.1/0a4f032f/2022-04-09-18:05T+0000",
              "source": "terraform"
            },
            "timeouts": null,
            "trusted_client_certificate": [],
            "trusted_root_certificate": [],
            "url_path_map": [],
            "waf_configuration": [],
            "zones": []
          },
          "sensitive_attributes": [],
          "private": "eyJlMmJmYjczMC1lY2FhLTExZTYtOGY4OC0zNDM2M2JjN2M0YzAiOnsiY3JlYXRlIjo1NDAwMDAwMDAwMDAwLCJkZWxldGUiOjU0MDAwMDAwMDAwMDAsInJlYWQiOjMwMDAwMDAwMDAwMCwidXBkYXRlIjo1NDAwMDAwMDAwMDAwfX0=",
          "dependencies": [
            "azurerm_public_ip.pip",
            "azurerm_resource_group.rg",
            "azurerm_subnet.subnetappgw",
            "azurerm_virtual_network.vnet"
          ],
          "create_before_destroy": true
        }
      ]
    },
    {
      "mode": "managed",
      "type": "azurerm_container_registry",
      "name": "acr",
      "provider": "provider[\"registry.terraform.io/hashicorp/azurerm\"]",
      "instances": [
        {
          "schema_version": 2,
          "attributes": {
            "admin_enabled": false,
            "admin_password": "",
            "admin_username": "",
            "anonymous_pull_enabled": false,
            "data_endpoint_enabled": false,
            "encryption": [
              {
                "enabled": false,
                "identity_client_id": "",
                "key_vault_key_id": ""
              }
            ],
            "export_policy_enabled": true,
            "georeplications": [],
            "id": "/subscriptions/7b1f7584-2f78-4923-851d-04a91bb32a57/resourceGroups/rg-aks-cluster/providers/Microsoft.ContainerRegistry/registries/acrforakstf041",
            "identity": [],
            "location": "westeurope",
            "login_server": "acrforakstf041.azurecr.io",
            "name": "acrforakstf041",
            "network_rule_bypass_option": "AzureServices",
            "network_rule_set": [],
            "public_network_access_enabled": true,
            "quarantine_policy_enabled": false,
            "resource_group_name": "rg-aks-cluster",
            "retention_policy": [
              {
                "days": 7,
                "enabled": false
              }
            ],
            "sku": "Standard",
            "tags": {
              "environment": "development",
              "source": "terraform"
            },
            "timeouts": null,
            "trust_policy": [
              {
                "enabled": false
              }
            ],
            "zone_redundancy_enabled": false
          },
          "sensitive_attributes": [],
          "private": "eyJlMmJmYjczMC1lY2FhLTExZTYtOGY4OC0zNDM2M2JjN2M0YzAiOnsiY3JlYXRlIjoxODAwMDAwMDAwMDAwLCJkZWxldGUiOjE4MDAwMDAwMDAwMDAsInJlYWQiOjMwMDAwMDAwMDAwMCwidXBkYXRlIjoxODAwMDAwMDAwMDAwfSwic2NoZW1hX3ZlcnNpb24iOiIyIn0=",
          "dependencies": [
            "azurerm_resource_group.rg"
          ]
        }
      ]
    },
    {
      "mode": "managed",
      "type": "azurerm_kubernetes_cluster",
      "name": "aks",
      "provider": "provider[\"registry.terraform.io/hashicorp/azurerm\"]",
      "instances": [
        {
          "schema_version": 2,
          "attributes": {
            "aci_connector_linux": [],
            "api_server_authorized_ip_ranges": [],
            "auto_scaler_profile": [
              {
                "balance_similar_node_groups": false,
                "empty_bulk_delete_max": "10",
                "expander": "random",
                "max_graceful_termination_sec": "600",
                "max_node_provisioning_time": "15m",
                "max_unready_nodes": 3,
                "max_unready_percentage": 45,
                "new_pod_scale_up_delay": "0s",
                "scale_down_delay_after_add": "10m",
                "scale_down_delay_after_delete": "10s",
                "scale_down_delay_after_failure": "3m",
                "scale_down_unneeded": "10m",
                "scale_down_unready": "20m",
                "scale_down_utilization_threshold": "0.5",
                "scan_interval": "10s",
                "skip_nodes_with_local_storage": false,
                "skip_nodes_with_system_pods": true
              }
            ],
            "automatic_channel_upgrade": "",
            "azure_active_directory_role_based_access_control": [
              {
                "admin_group_object_ids": [
                  "b11b532d-3505-4a6b-b133-0b52d25ed649"
                ],
                "azure_rbac_enabled": true,
                "client_app_id": "",
                "managed": true,
                "server_app_id": "",
                "server_app_secret": "",
                "tenant_id": "558506eb-9459-4ef3-b920-ad55c555e729"
              }
            ],
            "azure_policy_enabled": true,
            "default_node_pool": [
              {
                "enable_auto_scaling": true,
                "enable_host_encryption": false,
                "enable_node_public_ip": false,
                "fips_enabled": false,
                "kubelet_config": [],
                "kubelet_disk_type": "OS",
                "linux_os_config": [],
                "max_count": 3,
                "max_pods": 110,
                "min_count": 1,
                "name": "poolsystem",
                "node_count": 2,
                "node_labels": {},
                "node_public_ip_prefix_id": "",
                "node_taints": [],
                "only_critical_addons_enabled": true,
                "orchestrator_version": "1.23.5",
                "os_disk_size_gb": 40,
                "os_disk_type": "Ephemeral",
                "os_sku": "Ubuntu",
                "pod_subnet_id": "/subscriptions/7b1f7584-2f78-4923-851d-04a91bb32a57/resourceGroups/rg-aks-cluster/providers/Microsoft.Network/virtualNetworks/vnet-spoke-aks/subnets/subnet-aks-pods",
                "proximity_placement_group_id": "",
                "tags": {
                  "environment": "development",
                  "source": "terraform"
                },
                "type": "VirtualMachineScaleSets",
                "ultra_ssd_enabled": false,
                "upgrade_settings": [],
                "vm_size": "Standard_D2ds_v5",
                "vnet_subnet_id": "/subscriptions/7b1f7584-2f78-4923-851d-04a91bb32a57/resourceGroups/rg-aks-cluster/providers/Microsoft.Network/virtualNetworks/vnet-spoke-aks/subnets/subnet-aks-nodes",
                "zones": [
                  "1",
                  "2",
                  "3"
                ]
              }
            ],
            "disk_encryption_set_id": "",
            "dns_prefix": "aks",
            "dns_prefix_private_cluster": "",
            "enable_pod_security_policy": false,
            "fqdn": "",
            "http_application_routing_enabled": false,
            "http_application_routing_zone_name": "",
            "http_proxy_config": [],
            "id": "/subscriptions/7b1f7584-2f78-4923-851d-04a91bb32a57/resourceGroups/rg-aks-cluster/providers/Microsoft.ContainerService/managedClusters/aks-cluster",
            "identity": [
              {
                "identity_ids": [
                  "/subscriptions/7b1f7584-2f78-4923-851d-04a91bb32a57/resourceGroups/rg-aks-cluster/providers/Microsoft.ManagedIdentity/userAssignedIdentities/identity-aks"
                ],
                "principal_id": "",
                "tenant_id": "",
                "type": "UserAssigned"
              }
            ],
            "ingress_application_gateway": [
              {
                "effective_gateway_id": "/subscriptions/7b1f7584-2f78-4923-851d-04a91bb32a57/resourceGroups/rg-aks-cluster/providers/Microsoft.Network/applicationGateways/appgw-aks",
                "gateway_id": "/subscriptions/7b1f7584-2f78-4923-851d-04a91bb32a57/resourceGroups/rg-aks-cluster/providers/Microsoft.Network/applicationGateways/appgw-aks",
                "gateway_name": "",
                "ingress_application_gateway_identity": [
                  {
                    "client_id": "de0a82c8-4c5f-4d07-8d04-0f857d12cc5c",
                    "object_id": "6dd42fbc-807e-45b4-80e1-c2f134d05574",
                    "user_assigned_identity_id": "/subscriptions/7b1f7584-2f78-4923-851d-04a91bb32a57/resourcegroups/rg-aks-cluster-managed/providers/Microsoft.ManagedIdentity/userAssignedIdentities/ingressapplicationgateway-aks-cluster"
                  }
                ],
                "subnet_cidr": "",
                "subnet_id": ""
              }
            ],
            "key_vault_secrets_provider": [
              {
                "secret_identity": [
                  {
                    "client_id": "3da0ded8-c113-4b67-bf45-e32f8562ef84",
                    "object_id": "f9a0831b-82bf-4d4b-aa72-14ec19b68888",
                    "user_assigned_identity_id": "/subscriptions/7b1f7584-2f78-4923-851d-04a91bb32a57/resourcegroups/rg-aks-cluster-managed/providers/Microsoft.ManagedIdentity/userAssignedIdentities/azurekeyvaultsecretsprovider-aks-cluster"
                  }
                ],
                "secret_rotation_enabled": true,
                "secret_rotation_interval": "2m"
              }
            ],
            "kube_admin_config": [],
            "kube_admin_config_raw": "",
            "kube_config": [
              {
                "client_certificate": "",
                "client_key": "",
                "cluster_ca_certificate": "LS0tLS1CRUdJTiBDRVJUSUZJQ0FURS0tLS0tCk1JSUU2RENDQXRDZ0F3SUJBZ0lRZE5HUlZIM2dJVDh5bi9GS0JIVHNqREFOQmdrcWhraUc5dzBCQVFzRkFEQU4KTVFzd0NRWURWUVFERXdKallUQWdGdzB5TWpBMk1qTXhOek0wTXpsYUdBOHlNRFV5TURZeU16RTNORFF6T1ZvdwpEVEVMTUFrR0ExVUVBeE1DWTJFd2dnSWlNQTBHQ1NxR1NJYjNEUUVCQVFVQUE0SUNEd0F3Z2dJS0FvSUNBUURDCjIrN2s5UyszQ1A1U2x0Yzk0d1Fjb0FOOXZST1VMVFZ2R21Db1B2ZVZob25Uc3JxeEdXVkZ1YUhTcXQ5cXFRTHoKa2g1d3Q1aldUM081Vkg3TStXRXBDcC8rUWtaU2dDYWpCZjFZYnkva1lTYTBDRHVyNzdTT3p2c3FSK1ZzVTNuKwp6K0hrL3BUTXhXRmErakdsMXhJR1A3UUlhYjFpSmNwamZucGJEYzZ4eU96NWFORk5STWZjbG1rWDRtN1ZxRE95ClkxZVQ4SXJsUjJLQ0pyTU5PWkpCb3ZJYkdXaUJKYXJZY1cyb1dIMnZlY241dUN1K2EzOTJOR1JNdGlDN2kxQkcKRW1nbk1pK09obTQ0aXQ5Q2tJbUhyOFJxNWc4UWR1NVJOQUtvSlFSTzIvNWh1UGowYTFaZjFpQWhsaURCQmpKSgpVMnFMSWN1ak1UNlJiZGV3TWxFZ3dyVUNhL0RMSzNmeVR4MHlYenBVZ2RmdUI5SERkSWlzZWVpTGdORCtuQk0xCnZORHFweWpwOVl2bFU0aDlrVzBOaXltb3B2YXRVU3hBc1NXMHJ0QUM1TlhDdTBEV1pYcUViWmVtSzdGc2tVeU8KNHJBZEhiV2JFTzFXcm5LZUFqaUdqcjFoeDJwaS9DVHhRNU1hN1ZFZ2k2YXQwRFJwSERmdmJFQWcwbjBFYW1QYQpSWlpxT1A4WUdWTUVkbDNId1pYVC9VenkvR3dlN0FsclZVeHhRWmU1OHRvdXBrcHRwSVFEdGo1Q0xDOUw4R1FkCjhlWmUxUDZQMHdPTVVvb1dvQThpUXFJU2s4MTQ2SUZZLy9Pb0FOTmQ5UGcwQnFvMUxQZEU3K0NiQlRzdXRBa1MKSjhrQTl2N2srTTltV3VZM1ZPMHVFeGFvMG5qeDlPWExtRFRReFBRMEZRSURBUUFCbzBJd1FEQU9CZ05WSFE4QgpBZjhFQkFNQ0FxUXdEd1lEVlIwVEFRSC9CQVV3QXdFQi96QWRCZ05WSFE0RUZnUVVmRjNsOEhOQ25jVTg3d0p5ClBaNXFVZGNnbmlVd0RRWUpLb1pJaHZjTkFRRUxCUUFEZ2dJQkFBZzFkZStqRFdmYk8rMzVCVDBqOEZ2RlRPVnIKQVhxTDRabkpIWjNCdVZ2ek13SDNRb0xqeDl3YnRRbVloeE9Uems1SFRLbEQ5ZWNpZEpBNUNKUE9kUWtqNFpLRAp2ZWVvV0EycjZvdmJGOHlRa3ZaazdnQzE4b1g5a09QNGVxQUxIVkp6Zzd0UmFWcVVBTS9QV2FjQmoyWktvTm9FCm9KYzYvN1NpUXNsOUNLT3JpTDBXWFBpWklwNVdyQWtibjhpZVhaMjVQSVJ0RndwTU04NDV2TkJJdS9qWG1pMlkKY2xkMElzaWNoQzRKaEN2RVVac3RkYjRMeWhaSlhPSG85c0gwSUFodHB2bkNmSlF6TVFpaUo0aHN0RHFuV3M0TApLMURMdkZzblRvUFpUR0x6Y3J6K2k3MlJxamhvLzRFYStSZnBNVzFUQVVZVzJaNVZsRXBPZmtQSGpNbytjN05SCmhSNnlMeFNCbnlRaVdtWndqdklaNW9mK1ZCU3FZblhNSm1ONmFBM0F5d0RlZmptTERlRk9adjB6dHpvcXMrQksKKzNOVlFyT2F3Z2J4NThNUjBFTitLbStNcUQ1MW9ySm0zSVJrTU4rdTVDeWJKVkdXelpiMVArVTRFRFFUM0psRApacWN6TE0vTmxXN3RqdTF0S1ltYTBkVUZtcXcrSngzaTcrUW9UcW03YnJzYlByNXNzcjlPMnVxYXZSWWlIcnlICkltaEJqTEdxMHRoclNVdEoyYzZtM2RSSkJ1SEJFMTcxTGV6V0FOODhMOXNtOTFvTUVaUXRXRTRWeVRtNWg3dmkKZWV1NFRyRnVrZkpkamJhV3pTcGN6Sk1jTTBvUkF0ekRJTVpZcTRDdUs1ZWVaY29uSTdaV1F3TURPVmxmRmljeApnYXJXQzlLN2NXYnBSL2cyCi0tLS0tRU5EIENFUlRJRklDQVRFLS0tLS0K",
                "host": "https://aks-3423b0ca.01e40daf-b242-4075-a3ca-3a106e498f89.privatelink.westeurope.azmk8s.io:443",
                "password": "",
                "username": "clusterUser_rg-aks-cluster_aks-cluster"
              }
            ],
            "kube_config_raw": "apiVersion: v1\nclusters:\n- cluster:\n    certificate-authority-data: LS0tLS1CRUdJTiBDRVJUSUZJQ0FURS0tLS0tCk1JSUU2RENDQXRDZ0F3SUJBZ0lRZE5HUlZIM2dJVDh5bi9GS0JIVHNqREFOQmdrcWhraUc5dzBCQVFzRkFEQU4KTVFzd0NRWURWUVFERXdKallUQWdGdzB5TWpBMk1qTXhOek0wTXpsYUdBOHlNRFV5TURZeU16RTNORFF6T1ZvdwpEVEVMTUFrR0ExVUVBeE1DWTJFd2dnSWlNQTBHQ1NxR1NJYjNEUUVCQVFVQUE0SUNEd0F3Z2dJS0FvSUNBUURDCjIrN2s5UyszQ1A1U2x0Yzk0d1Fjb0FOOXZST1VMVFZ2R21Db1B2ZVZob25Uc3JxeEdXVkZ1YUhTcXQ5cXFRTHoKa2g1d3Q1aldUM081Vkg3TStXRXBDcC8rUWtaU2dDYWpCZjFZYnkva1lTYTBDRHVyNzdTT3p2c3FSK1ZzVTNuKwp6K0hrL3BUTXhXRmErakdsMXhJR1A3UUlhYjFpSmNwamZucGJEYzZ4eU96NWFORk5STWZjbG1rWDRtN1ZxRE95ClkxZVQ4SXJsUjJLQ0pyTU5PWkpCb3ZJYkdXaUJKYXJZY1cyb1dIMnZlY241dUN1K2EzOTJOR1JNdGlDN2kxQkcKRW1nbk1pK09obTQ0aXQ5Q2tJbUhyOFJxNWc4UWR1NVJOQUtvSlFSTzIvNWh1UGowYTFaZjFpQWhsaURCQmpKSgpVMnFMSWN1ak1UNlJiZGV3TWxFZ3dyVUNhL0RMSzNmeVR4MHlYenBVZ2RmdUI5SERkSWlzZWVpTGdORCtuQk0xCnZORHFweWpwOVl2bFU0aDlrVzBOaXltb3B2YXRVU3hBc1NXMHJ0QUM1TlhDdTBEV1pYcUViWmVtSzdGc2tVeU8KNHJBZEhiV2JFTzFXcm5LZUFqaUdqcjFoeDJwaS9DVHhRNU1hN1ZFZ2k2YXQwRFJwSERmdmJFQWcwbjBFYW1QYQpSWlpxT1A4WUdWTUVkbDNId1pYVC9VenkvR3dlN0FsclZVeHhRWmU1OHRvdXBrcHRwSVFEdGo1Q0xDOUw4R1FkCjhlWmUxUDZQMHdPTVVvb1dvQThpUXFJU2s4MTQ2SUZZLy9Pb0FOTmQ5UGcwQnFvMUxQZEU3K0NiQlRzdXRBa1MKSjhrQTl2N2srTTltV3VZM1ZPMHVFeGFvMG5qeDlPWExtRFRReFBRMEZRSURBUUFCbzBJd1FEQU9CZ05WSFE4QgpBZjhFQkFNQ0FxUXdEd1lEVlIwVEFRSC9CQVV3QXdFQi96QWRCZ05WSFE0RUZnUVVmRjNsOEhOQ25jVTg3d0p5ClBaNXFVZGNnbmlVd0RRWUpLb1pJaHZjTkFRRUxCUUFEZ2dJQkFBZzFkZStqRFdmYk8rMzVCVDBqOEZ2RlRPVnIKQVhxTDRabkpIWjNCdVZ2ek13SDNRb0xqeDl3YnRRbVloeE9Uems1SFRLbEQ5ZWNpZEpBNUNKUE9kUWtqNFpLRAp2ZWVvV0EycjZvdmJGOHlRa3ZaazdnQzE4b1g5a09QNGVxQUxIVkp6Zzd0UmFWcVVBTS9QV2FjQmoyWktvTm9FCm9KYzYvN1NpUXNsOUNLT3JpTDBXWFBpWklwNVdyQWtibjhpZVhaMjVQSVJ0RndwTU04NDV2TkJJdS9qWG1pMlkKY2xkMElzaWNoQzRKaEN2RVVac3RkYjRMeWhaSlhPSG85c0gwSUFodHB2bkNmSlF6TVFpaUo0aHN0RHFuV3M0TApLMURMdkZzblRvUFpUR0x6Y3J6K2k3MlJxamhvLzRFYStSZnBNVzFUQVVZVzJaNVZsRXBPZmtQSGpNbytjN05SCmhSNnlMeFNCbnlRaVdtWndqdklaNW9mK1ZCU3FZblhNSm1ONmFBM0F5d0RlZmptTERlRk9adjB6dHpvcXMrQksKKzNOVlFyT2F3Z2J4NThNUjBFTitLbStNcUQ1MW9ySm0zSVJrTU4rdTVDeWJKVkdXelpiMVArVTRFRFFUM0psRApacWN6TE0vTmxXN3RqdTF0S1ltYTBkVUZtcXcrSngzaTcrUW9UcW03YnJzYlByNXNzcjlPMnVxYXZSWWlIcnlICkltaEJqTEdxMHRoclNVdEoyYzZtM2RSSkJ1SEJFMTcxTGV6V0FOODhMOXNtOTFvTUVaUXRXRTRWeVRtNWg3dmkKZWV1NFRyRnVrZkpkamJhV3pTcGN6Sk1jTTBvUkF0ekRJTVpZcTRDdUs1ZWVaY29uSTdaV1F3TURPVmxmRmljeApnYXJXQzlLN2NXYnBSL2cyCi0tLS0tRU5EIENFUlRJRklDQVRFLS0tLS0K\n    server: https://aks-3423b0ca.01e40daf-b242-4075-a3ca-3a106e498f89.privatelink.westeurope.azmk8s.io:443\n  name: aks-cluster\ncontexts:\n- context:\n    cluster: aks-cluster\n    user: clusterUser_rg-aks-cluster_aks-cluster\n  name: aks-cluster\ncurrent-context: aks-cluster\nkind: Config\npreferences: {}\nusers:\n- name: clusterUser_rg-aks-cluster_aks-cluster\n  user:\n    auth-provider:\n      config:\n        apiserver-id: 6dae42f8-4368-4678-94ff-3960e28e3630\n        client-id: 80faf920-1908-4b52-b5ef-a8e7bedfc67a\n        config-mode: \"1\"\n        environment: AzurePublicCloud\n        tenant-id: 558506eb-9459-4ef3-b920-ad55c555e729\n      name: azure\n",
            "kubelet_identity": [
              {
                "client_id": "0d93ac24-e177-492a-ba29-b09e2be24ea5",
                "object_id": "53d73c8b-e29b-4b91-bf41-bede8074dae7",
                "user_assigned_identity_id": "/subscriptions/7b1f7584-2f78-4923-851d-04a91bb32a57/resourceGroups/rg-aks-cluster/providers/Microsoft.ManagedIdentity/userAssignedIdentities/aks-cluster-agentpool"
              }
            ],
            "kubernetes_version": "1.23.5",
            "linux_profile": [],
            "local_account_disabled": true,
            "location": "westeurope",
            "maintenance_window": [
              {
                "allowed": [
                  {
                    "day": "Saturday",
                    "hours": [
                      2,
                      8
                    ]
                  }
                ],
                "not_allowed": []
              }
            ],
            "microsoft_defender": [],
            "name": "aks-cluster",
            "network_profile": [
              {
                "dns_service_ip": "10.0.0.10",
                "docker_bridge_cidr": "172.17.0.1/16",
                "ip_versions": [
                  "IPv4"
                ],
                "load_balancer_profile": [
                  {
                    "effective_outbound_ips": [
                      "/subscriptions/7b1f7584-2f78-4923-851d-04a91bb32a57/resourceGroups/rg-aks-cluster-managed/providers/Microsoft.Network/publicIPAddresses/31ca0117-dce8-4ccb-956e-3f21883a5875"
                    ],
                    "idle_timeout_in_minutes": 0,
                    "managed_outbound_ip_count": 1,
                    "outbound_ip_address_ids": [],
                    "outbound_ip_prefix_ids": [],
                    "outbound_ports_allocated": 0
                  }
                ],
                "load_balancer_sku": "standard",
                "nat_gateway_profile": [],
                "network_mode": "",
                "network_plugin": "azure",
                "network_policy": "calico",
                "outbound_type": "loadBalancer",
                "pod_cidr": "",
                "service_cidr": "10.0.0.0/16"
              }
            ],
            "node_resource_group": "rg-aks-cluster-managed",
            "oidc_issuer_enabled": true,
            "oidc_issuer_url": "https://oidc.prod-aks.azure.com/9edb3df7-4c71-426f-b7db-0f38766ddfa3/",
            "oms_agent": [],
            "open_service_mesh_enabled": true,
            "portal_fqdn": "98f597b442ed3a021ac0750b11dcb835-priv.portal.hcp.westeurope.azmk8s.io",
            "private_cluster_enabled": true,
            "private_cluster_public_fqdn_enabled": false,
            "private_dns_zone_id": "System",
            "private_fqdn": "aks-3423b0ca.01e40daf-b242-4075-a3ca-3a106e498f89.privatelink.westeurope.azmk8s.io",
            "public_network_access_enabled": true,
            "resource_group_name": "rg-aks-cluster",
            "role_based_access_control_enabled": true,
            "run_command_enabled": true,
            "service_principal": [],
            "sku_tier": "Free",
            "tags": {
              "environment": "development",
              "source": "terraform"
            },
            "timeouts": null,
            "windows_profile": [
              {
                "admin_password": "",
                "admin_username": "azureuser",
                "license": ""
              }
            ]
          },
          "sensitive_attributes": [],
          "private": "eyJlMmJmYjczMC1lY2FhLTExZTYtOGY4OC0zNDM2M2JjN2M0YzAiOnsiY3JlYXRlIjo1NDAwMDAwMDAwMDAwLCJkZWxldGUiOjU0MDAwMDAwMDAwMDAsInJlYWQiOjMwMDAwMDAwMDAwMCwidXBkYXRlIjo1NDAwMDAwMDAwMDAwfSwic2NoZW1hX3ZlcnNpb24iOiIyIn0=",
          "dependencies": [
            "azuread_group.aks_admins",
            "azurerm_application_gateway.appgw",
            "azurerm_public_ip.pip",
            "azurerm_resource_group.rg",
            "azurerm_subnet.subnetappgw",
            "azurerm_subnet.subnetnodes",
            "azurerm_subnet.subnetpods",
            "azurerm_user_assigned_identity.identity-aks",
            "azurerm_user_assigned_identity.identity-kubelet",
            "azurerm_virtual_network.vnet",
            "data.azuread_client_config.current",
            "data.azurerm_subscription.current"
          ]
        }
      ]
    },
    {
      "mode": "managed",
      "type": "azurerm_kubernetes_cluster_node_pool",
      "name": "appspool",
      "provider": "provider[\"registry.terraform.io/hashicorp/azurerm\"]",
      "instances": [
        {
          "schema_version": 1,
          "attributes": {
            "enable_auto_scaling": true,
            "enable_host_encryption": false,
            "enable_node_public_ip": false,
            "eviction_policy": "",
            "fips_enabled": false,
            "id": "/subscriptions/7b1f7584-2f78-4923-851d-04a91bb32a57/resourceGroups/rg-aks-cluster/providers/Microsoft.ContainerService/managedClusters/aks-cluster/agentPools/poolapps",
            "kubelet_config": [],
            "kubelet_disk_type": "OS",
            "kubernetes_cluster_id": "/subscriptions/7b1f7584-2f78-4923-851d-04a91bb32a57/resourceGroups/rg-aks-cluster/providers/Microsoft.ContainerService/managedClusters/aks-cluster",
            "linux_os_config": [],
            "max_count": 5,
            "max_pods": 110,
            "min_count": 1,
            "mode": "User",
            "name": "poolapps",
            "node_count": 1,
            "node_labels": {},
            "node_public_ip_prefix_id": "",
            "node_taints": [],
            "orchestrator_version": "1.23.5",
            "os_disk_size_gb": 60,
            "os_disk_type": "Ephemeral",
            "os_sku": "Ubuntu",
            "os_type": "Linux",
            "pod_subnet_id": "/subscriptions/7b1f7584-2f78-4923-851d-04a91bb32a57/resourceGroups/rg-aks-cluster/providers/Microsoft.Network/virtualNetworks/vnet-spoke-aks/subnets/subnet-aks-pods",
            "priority": "Regular",
            "proximity_placement_group_id": "",
            "scale_down_mode": "Delete",
            "spot_max_price": -1,
            "tags": {
              "environment": "development",
              "source": "terraform"
            },
            "timeouts": null,
            "ultra_ssd_enabled": false,
            "upgrade_settings": [
              {
                "max_surge": "3"
              }
            ],
            "vm_size": "Standard_D2ds_v5",
            "vnet_subnet_id": "/subscriptions/7b1f7584-2f78-4923-851d-04a91bb32a57/resourceGroups/rg-aks-cluster/providers/Microsoft.Network/virtualNetworks/vnet-spoke-aks/subnets/subnet-aks-nodes",
            "workload_runtime": "",
            "zones": [
              "1",
              "2",
              "3"
            ]
          },
          "sensitive_attributes": [],
          "private": "eyJlMmJmYjczMC1lY2FhLTExZTYtOGY4OC0zNDM2M2JjN2M0YzAiOnsiY3JlYXRlIjozNjAwMDAwMDAwMDAwLCJkZWxldGUiOjM2MDAwMDAwMDAwMDAsInJlYWQiOjMwMDAwMDAwMDAwMCwidXBkYXRlIjozNjAwMDAwMDAwMDAwfSwic2NoZW1hX3ZlcnNpb24iOiIxIn0=",
          "dependencies": [
            "azuread_group.aks_admins",
            "azurerm_application_gateway.appgw",
            "azurerm_kubernetes_cluster.aks",
            "azurerm_public_ip.pip",
            "azurerm_resource_group.rg",
            "azurerm_subnet.subnetappgw",
            "azurerm_subnet.subnetnodes",
            "azurerm_subnet.subnetpods",
            "azurerm_user_assigned_identity.identity-aks",
            "azurerm_user_assigned_identity.identity-kubelet",
            "azurerm_virtual_network.vnet",
            "data.azuread_client_config.current",
            "data.azurerm_subscription.current"
          ]
        }
      ]
    },
    {
      "mode": "managed",
      "type": "azurerm_private_dns_zone_virtual_network_link",
      "name": "link_private_dns_aks_vnet_vm_devbox",
      "provider": "provider[\"registry.terraform.io/hashicorp/azurerm\"]",
      "instances": [
        {
          "schema_version": 0,
          "attributes": {
            "id": "/subscriptions/7b1f7584-2f78-4923-851d-04a91bb32a57/resourceGroups/rg-aks-cluster-managed/providers/Microsoft.Network/privateDnsZones/01e40daf-b242-4075-a3ca-3a106e498f89.privatelink.westeurope.azmk8s.io/virtualNetworkLinks/link_private_dns_aks_vnet_vm_devbox",
            "name": "link_private_dns_aks_vnet_vm_devbox",
            "private_dns_zone_name": "01e40daf-b242-4075-a3ca-3a106e498f89.privatelink.westeurope.azmk8s.io",
            "registration_enabled": false,
            "resource_group_name": "rg-aks-cluster-managed",
            "tags": null,
            "timeouts": null,
            "virtual_network_id": "/subscriptions/4b72ed90-7ca3-4e76-8d0f-31a2c0bee7a3/resourceGroups/rg-vm-devbox/providers/Microsoft.Network/virtualNetworks/rg-vm-devbox-vnet"
          },
          "sensitive_attributes": [],
          "private": "eyJlMmJmYjczMC1lY2FhLTExZTYtOGY4OC0zNDM2M2JjN2M0YzAiOnsiY3JlYXRlIjoxODAwMDAwMDAwMDAwLCJkZWxldGUiOjE4MDAwMDAwMDAwMDAsInJlYWQiOjMwMDAwMDAwMDAwMCwidXBkYXRlIjoxODAwMDAwMDAwMDAwfX0=",
          "dependencies": [
            "data.azurerm_private_dns_zone.private_dns_aks",
            "data.azurerm_virtual_network.vnet_vm_jumpbox"
          ]
        }
      ]
    },
    {
      "mode": "managed",
      "type": "azurerm_public_ip",
      "name": "pip",
      "provider": "provider[\"registry.terraform.io/hashicorp/azurerm\"]",
      "instances": [
        {
          "schema_version": 0,
          "attributes": {
            "allocation_method": "Static",
            "domain_name_label": null,
            "edge_zone": "",
            "fqdn": null,
            "id": "/subscriptions/7b1f7584-2f78-4923-851d-04a91bb32a57/resourceGroups/rg-aks-cluster/providers/Microsoft.Network/publicIPAddresses/publicIp-appgw",
            "idle_timeout_in_minutes": 4,
            "ip_address": "13.73.185.102",
            "ip_tags": {},
            "ip_version": "IPv4",
            "location": "westeurope",
            "name": "publicIp-appgw",
            "public_ip_prefix_id": null,
            "resource_group_name": "rg-aks-cluster",
            "reverse_fqdn": null,
            "sku": "Standard",
            "sku_tier": "Regional",
            "tags": {
              "environment": "development",
              "source": "terraform"
            },
            "timeouts": null,
            "zones": []
          },
          "sensitive_attributes": [],
          "private": "eyJlMmJmYjczMC1lY2FhLTExZTYtOGY4OC0zNDM2M2JjN2M0YzAiOnsiY3JlYXRlIjoxODAwMDAwMDAwMDAwLCJkZWxldGUiOjE4MDAwMDAwMDAwMDAsInJlYWQiOjMwMDAwMDAwMDAwMCwidXBkYXRlIjoxODAwMDAwMDAwMDAwfX0=",
          "dependencies": [
            "azurerm_resource_group.rg"
          ],
          "create_before_destroy": true
        }
      ]
    },
    {
      "mode": "managed",
      "type": "azurerm_resource_group",
      "name": "rg",
      "provider": "provider[\"registry.terraform.io/hashicorp/azurerm\"]",
      "instances": [
        {
          "schema_version": 0,
          "attributes": {
            "id": "/subscriptions/7b1f7584-2f78-4923-851d-04a91bb32a57/resourceGroups/rg-aks-cluster",
            "location": "westeurope",
            "name": "rg-aks-cluster",
            "tags": {
              "environment": "development",
              "source": "terraform"
            },
            "timeouts": null
          },
          "sensitive_attributes": [],
          "private": "eyJlMmJmYjczMC1lY2FhLTExZTYtOGY4OC0zNDM2M2JjN2M0YzAiOnsiY3JlYXRlIjo1NDAwMDAwMDAwMDAwLCJkZWxldGUiOjU0MDAwMDAwMDAwMDAsInJlYWQiOjMwMDAwMDAwMDAwMCwidXBkYXRlIjo1NDAwMDAwMDAwMDAwfX0="
        }
      ]
    },
    {
      "mode": "managed",
      "type": "azurerm_role_assignment",
      "name": "aks_mi_contributor_aks_rg",
      "provider": "provider[\"registry.terraform.io/hashicorp/azurerm\"]",
      "instances": [
        {
          "schema_version": 0,
          "attributes": {
            "condition": "",
            "condition_version": "",
            "delegated_managed_identity_resource_id": "",
            "description": "",
            "id": "/subscriptions/7b1f7584-2f78-4923-851d-04a91bb32a57/resourceGroups/rg-aks-cluster/providers/Microsoft.Authorization/roleAssignments/d9f91bba-027c-0bf5-bbc7-a20d658de647",
            "name": "d9f91bba-027c-0bf5-bbc7-a20d658de647",
            "principal_id": "490ca0bb-b343-4eac-8e04-2615bc638109",
            "principal_type": "ServicePrincipal",
            "role_definition_id": "/subscriptions/7b1f7584-2f78-4923-851d-04a91bb32a57/providers/Microsoft.Authorization/roleDefinitions/b24988ac-6180-42a0-ab88-20f7382dd24c",
            "role_definition_name": "Contributor",
            "scope": "/subscriptions/7b1f7584-2f78-4923-851d-04a91bb32a57/resourceGroups/rg-aks-cluster",
            "skip_service_principal_aad_check": true,
            "timeouts": null
          },
          "sensitive_attributes": [],
          "private": "eyJlMmJmYjczMC1lY2FhLTExZTYtOGY4OC0zNDM2M2JjN2M0YzAiOnsiY3JlYXRlIjoxODAwMDAwMDAwMDAwLCJkZWxldGUiOjE4MDAwMDAwMDAwMDAsInJlYWQiOjMwMDAwMDAwMDAwMCwidXBkYXRlIjoxODAwMDAwMDAwMDAwfX0=",
          "dependencies": [
            "azurerm_resource_group.rg",
            "azurerm_user_assigned_identity.identity-aks"
          ]
        }
      ]
    },
    {
      "mode": "managed",
      "type": "azurerm_role_assignment",
      "name": "aks_mi_network_contributor",
      "provider": "provider[\"registry.terraform.io/hashicorp/azurerm\"]",
      "instances": [
        {
          "schema_version": 0,
          "attributes": {
            "condition": "",
            "condition_version": "",
            "delegated_managed_identity_resource_id": "",
            "description": "",
            "id": "/subscriptions/7b1f7584-2f78-4923-851d-04a91bb32a57/resourceGroups/rg-aks-cluster/providers/Microsoft.Network/virtualNetworks/vnet-spoke-aks/providers/Microsoft.Authorization/roleAssignments/0be91f6b-f1e1-7523-8a08-b13e7318ba26",
            "name": "0be91f6b-f1e1-7523-8a08-b13e7318ba26",
            "principal_id": "490ca0bb-b343-4eac-8e04-2615bc638109",
            "principal_type": "ServicePrincipal",
            "role_definition_id": "/subscriptions/7b1f7584-2f78-4923-851d-04a91bb32a57/providers/Microsoft.Authorization/roleDefinitions/4d97b98b-1d4f-4787-a291-c67834d212e7",
            "role_definition_name": "Network Contributor",
            "scope": "/subscriptions/7b1f7584-2f78-4923-851d-04a91bb32a57/resourceGroups/rg-aks-cluster/providers/Microsoft.Network/virtualNetworks/vnet-spoke-aks",
            "skip_service_principal_aad_check": true,
            "timeouts": null
          },
          "sensitive_attributes": [],
          "private": "eyJlMmJmYjczMC1lY2FhLTExZTYtOGY4OC0zNDM2M2JjN2M0YzAiOnsiY3JlYXRlIjoxODAwMDAwMDAwMDAwLCJkZWxldGUiOjE4MDAwMDAwMDAwMDAsInJlYWQiOjMwMDAwMDAwMDAwMCwidXBkYXRlIjoxODAwMDAwMDAwMDAwfX0=",
          "dependencies": [
            "azurerm_resource_group.rg",
            "azurerm_user_assigned_identity.identity-aks",
            "azurerm_virtual_network.vnet"
          ]
        }
      ]
    },
    {
      "mode": "managed",
      "type": "azurerm_role_assignment",
      "name": "aks_mi_operator",
      "provider": "provider[\"registry.terraform.io/hashicorp/azurerm\"]",
      "instances": [
        {
          "schema_version": 0,
          "attributes": {
            "condition": "",
            "condition_version": "",
            "delegated_managed_identity_resource_id": "",
            "description": "",
            "id": "/subscriptions/7b1f7584-2f78-4923-851d-04a91bb32a57/resourceGroups/rg-aks-cluster/providers/Microsoft.ManagedIdentity/userAssignedIdentities/aks-cluster-agentpool/providers/Microsoft.Authorization/roleAssignments/105264ac-f416-0715-0fe3-5ce9bae12ea8",
            "name": "105264ac-f416-0715-0fe3-5ce9bae12ea8",
            "principal_id": "490ca0bb-b343-4eac-8e04-2615bc638109",
            "principal_type": "ServicePrincipal",
            "role_definition_id": "/subscriptions/7b1f7584-2f78-4923-851d-04a91bb32a57/providers/Microsoft.Authorization/roleDefinitions/f1a07417-d97a-45cb-824c-7a7467783830",
            "role_definition_name": "Managed Identity Operator",
            "scope": "/subscriptions/7b1f7584-2f78-4923-851d-04a91bb32a57/resourceGroups/rg-aks-cluster/providers/Microsoft.ManagedIdentity/userAssignedIdentities/aks-cluster-agentpool",
            "skip_service_principal_aad_check": true,
            "timeouts": null
          },
          "sensitive_attributes": [],
          "private": "eyJlMmJmYjczMC1lY2FhLTExZTYtOGY4OC0zNDM2M2JjN2M0YzAiOnsiY3JlYXRlIjoxODAwMDAwMDAwMDAwLCJkZWxldGUiOjE4MDAwMDAwMDAwMDAsInJlYWQiOjMwMDAwMDAwMDAwMCwidXBkYXRlIjoxODAwMDAwMDAwMDAwfX0=",
          "dependencies": [
            "azurerm_resource_group.rg",
            "azurerm_user_assigned_identity.identity-aks",
            "azurerm_user_assigned_identity.identity-kubelet"
          ]
        }
      ]
    },
    {
      "mode": "managed",
      "type": "azurerm_role_assignment",
      "name": "role-contributor",
      "provider": "provider[\"registry.terraform.io/hashicorp/azurerm\"]",
      "instances": [
        {
          "schema_version": 0,
          "attributes": {
            "condition": "",
            "condition_version": "",
            "delegated_managed_identity_resource_id": "",
            "description": "",
            "id": "/subscriptions/7b1f7584-2f78-4923-851d-04a91bb32a57/resourceGroups/rg-aks-cluster/providers/Microsoft.Authorization/roleAssignments/30709ff1-460a-df37-4c36-38911c512fc3",
            "name": "30709ff1-460a-df37-4c36-38911c512fc3",
            "principal_id": "6dd42fbc-807e-45b4-80e1-c2f134d05574",
            "principal_type": "ServicePrincipal",
            "role_definition_id": "/subscriptions/7b1f7584-2f78-4923-851d-04a91bb32a57/providers/Microsoft.Authorization/roleDefinitions/b24988ac-6180-42a0-ab88-20f7382dd24c",
            "role_definition_name": "Contributor",
            "scope": "/subscriptions/7b1f7584-2f78-4923-851d-04a91bb32a57/resourceGroups/rg-aks-cluster",
            "skip_service_principal_aad_check": null,
            "timeouts": null
          },
          "sensitive_attributes": [],
          "private": "eyJlMmJmYjczMC1lY2FhLTExZTYtOGY4OC0zNDM2M2JjN2M0YzAiOnsiY3JlYXRlIjoxODAwMDAwMDAwMDAwLCJkZWxldGUiOjE4MDAwMDAwMDAwMDAsInJlYWQiOjMwMDAwMDAwMDAwMCwidXBkYXRlIjoxODAwMDAwMDAwMDAwfX0=",
          "dependencies": [
            "azuread_group.aks_admins",
            "azurerm_application_gateway.appgw",
            "azurerm_kubernetes_cluster.aks",
            "azurerm_public_ip.pip",
            "azurerm_resource_group.rg",
            "azurerm_subnet.subnetappgw",
            "azurerm_subnet.subnetnodes",
            "azurerm_subnet.subnetpods",
            "azurerm_user_assigned_identity.identity-aks",
            "azurerm_user_assigned_identity.identity-kubelet",
            "azurerm_virtual_network.vnet",
            "data.azuread_client_config.current",
            "data.azurerm_subscription.current"
          ]
        }
      ]
    },
    {
      "mode": "managed",
      "type": "azurerm_role_assignment",
      "name": "role_acrpull",
      "provider": "provider[\"registry.terraform.io/hashicorp/azurerm\"]",
      "instances": [
        {
          "schema_version": 0,
          "attributes": {
            "condition": "",
            "condition_version": "",
            "delegated_managed_identity_resource_id": "",
            "description": "",
            "id": "/subscriptions/7b1f7584-2f78-4923-851d-04a91bb32a57/resourceGroups/rg-aks-cluster/providers/Microsoft.ContainerRegistry/registries/acrforakstf041/providers/Microsoft.Authorization/roleAssignments/f635dd5f-a217-967d-5746-d3127ca52c99",
            "name": "f635dd5f-a217-967d-5746-d3127ca52c99",
            "principal_id": "53d73c8b-e29b-4b91-bf41-bede8074dae7",
            "principal_type": "ServicePrincipal",
            "role_definition_id": "/subscriptions/7b1f7584-2f78-4923-851d-04a91bb32a57/providers/Microsoft.Authorization/roleDefinitions/7f951dda-4ed3-4680-a7ca-43fe172d538d",
            "role_definition_name": "AcrPull",
            "scope": "/subscriptions/7b1f7584-2f78-4923-851d-04a91bb32a57/resourceGroups/rg-aks-cluster/providers/Microsoft.ContainerRegistry/registries/acrforakstf041",
            "skip_service_principal_aad_check": true,
            "timeouts": null
          },
          "sensitive_attributes": [],
          "private": "eyJlMmJmYjczMC1lY2FhLTExZTYtOGY4OC0zNDM2M2JjN2M0YzAiOnsiY3JlYXRlIjoxODAwMDAwMDAwMDAwLCJkZWxldGUiOjE4MDAwMDAwMDAwMDAsInJlYWQiOjMwMDAwMDAwMDAwMCwidXBkYXRlIjoxODAwMDAwMDAwMDAwfX0=",
          "dependencies": [
            "azurerm_container_registry.acr",
            "azurerm_resource_group.rg",
            "azurerm_user_assigned_identity.identity-kubelet"
          ]
        }
      ]
    },
    {
      "mode": "managed",
      "type": "azurerm_subnet",
      "name": "subnetappgw",
      "provider": "provider[\"registry.terraform.io/hashicorp/azurerm\"]",
      "instances": [
        {
          "schema_version": 0,
          "attributes": {
            "address_prefixes": [
              "10.1.0.0/16"
            ],
            "delegation": [],
            "enforce_private_link_endpoint_network_policies": false,
            "enforce_private_link_service_network_policies": false,
            "id": "/subscriptions/7b1f7584-2f78-4923-851d-04a91bb32a57/resourceGroups/rg-aks-cluster/providers/Microsoft.Network/virtualNetworks/vnet-spoke-aks/subnets/subnet-appgw",
            "name": "subnet-appgw",
            "resource_group_name": "rg-aks-cluster",
            "service_endpoint_policy_ids": [],
            "service_endpoints": [],
            "timeouts": null,
            "virtual_network_name": "vnet-spoke-aks"
          },
          "sensitive_attributes": [],
          "private": "eyJlMmJmYjczMC1lY2FhLTExZTYtOGY4OC0zNDM2M2JjN2M0YzAiOnsiY3JlYXRlIjoxODAwMDAwMDAwMDAwLCJkZWxldGUiOjE4MDAwMDAwMDAwMDAsInJlYWQiOjMwMDAwMDAwMDAwMCwidXBkYXRlIjoxODAwMDAwMDAwMDAwfX0=",
          "dependencies": [
            "azurerm_resource_group.rg",
            "azurerm_virtual_network.vnet"
          ],
          "create_before_destroy": true
        }
      ]
    },
    {
      "mode": "managed",
      "type": "azurerm_subnet",
      "name": "subnetnodes",
      "provider": "provider[\"registry.terraform.io/hashicorp/azurerm\"]",
      "instances": [
        {
          "schema_version": 0,
          "attributes": {
            "address_prefixes": [
              "10.241.0.0/16"
            ],
            "delegation": [],
            "enforce_private_link_endpoint_network_policies": false,
            "enforce_private_link_service_network_policies": false,
            "id": "/subscriptions/7b1f7584-2f78-4923-851d-04a91bb32a57/resourceGroups/rg-aks-cluster/providers/Microsoft.Network/virtualNetworks/vnet-spoke-aks/subnets/subnet-aks-nodes",
            "name": "subnet-aks-nodes",
            "resource_group_name": "rg-aks-cluster",
            "service_endpoint_policy_ids": [],
            "service_endpoints": [],
            "timeouts": null,
            "virtual_network_name": "vnet-spoke-aks"
          },
          "sensitive_attributes": [],
          "private": "eyJlMmJmYjczMC1lY2FhLTExZTYtOGY4OC0zNDM2M2JjN2M0YzAiOnsiY3JlYXRlIjoxODAwMDAwMDAwMDAwLCJkZWxldGUiOjE4MDAwMDAwMDAwMDAsInJlYWQiOjMwMDAwMDAwMDAwMCwidXBkYXRlIjoxODAwMDAwMDAwMDAwfX0=",
          "dependencies": [
            "azurerm_resource_group.rg",
            "azurerm_virtual_network.vnet"
          ]
        }
      ]
    },
    {
      "mode": "managed",
      "type": "azurerm_subnet",
      "name": "subnetpods",
      "provider": "provider[\"registry.terraform.io/hashicorp/azurerm\"]",
      "instances": [
        {
          "schema_version": 0,
          "attributes": {
            "address_prefixes": [
              "10.240.0.0/24"
            ],
            "delegation": [
              {
                "name": "aks-delegation",
                "service_delegation": [
                  {
                    "actions": [
                      "Microsoft.Network/virtualNetworks/subnets/join/action"
                    ],
                    "name": "Microsoft.ContainerService/managedClusters"
                  }
                ]
              }
            ],
            "enforce_private_link_endpoint_network_policies": false,
            "enforce_private_link_service_network_policies": false,
            "id": "/subscriptions/7b1f7584-2f78-4923-851d-04a91bb32a57/resourceGroups/rg-aks-cluster/providers/Microsoft.Network/virtualNetworks/vnet-spoke-aks/subnets/subnet-aks-pods",
            "name": "subnet-aks-pods",
            "resource_group_name": "rg-aks-cluster",
            "service_endpoint_policy_ids": [],
            "service_endpoints": [],
            "timeouts": null,
            "virtual_network_name": "vnet-spoke-aks"
          },
          "sensitive_attributes": [],
          "private": "eyJlMmJmYjczMC1lY2FhLTExZTYtOGY4OC0zNDM2M2JjN2M0YzAiOnsiY3JlYXRlIjoxODAwMDAwMDAwMDAwLCJkZWxldGUiOjE4MDAwMDAwMDAwMDAsInJlYWQiOjMwMDAwMDAwMDAwMCwidXBkYXRlIjoxODAwMDAwMDAwMDAwfX0=",
          "dependencies": [
            "azurerm_resource_group.rg",
            "azurerm_virtual_network.vnet"
          ]
        }
      ]
    },
    {
      "mode": "managed",
      "type": "azurerm_user_assigned_identity",
      "name": "identity-aks",
      "provider": "provider[\"registry.terraform.io/hashicorp/azurerm\"]",
      "instances": [
        {
          "schema_version": 1,
          "attributes": {
            "client_id": "b42a702e-f7d2-4e5e-8a26-09de09686cd3",
            "id": "/subscriptions/7b1f7584-2f78-4923-851d-04a91bb32a57/resourceGroups/rg-aks-cluster/providers/Microsoft.ManagedIdentity/userAssignedIdentities/identity-aks",
            "location": "westeurope",
            "name": "identity-aks",
            "principal_id": "490ca0bb-b343-4eac-8e04-2615bc638109",
            "resource_group_name": "rg-aks-cluster",
            "tags": {
              "environment": "development",
              "source": "terraform"
            },
            "tenant_id": "558506eb-9459-4ef3-b920-ad55c555e729",
            "timeouts": null
          },
          "sensitive_attributes": [],
          "private": "eyJlMmJmYjczMC1lY2FhLTExZTYtOGY4OC0zNDM2M2JjN2M0YzAiOnsiY3JlYXRlIjoxODAwMDAwMDAwMDAwLCJkZWxldGUiOjE4MDAwMDAwMDAwMDAsInJlYWQiOjMwMDAwMDAwMDAwMCwidXBkYXRlIjoxODAwMDAwMDAwMDAwfSwic2NoZW1hX3ZlcnNpb24iOiIxIn0=",
          "dependencies": [
            "azurerm_resource_group.rg"
          ]
        }
      ]
    },
    {
      "mode": "managed",
      "type": "azurerm_user_assigned_identity",
      "name": "identity-kubelet",
      "provider": "provider[\"registry.terraform.io/hashicorp/azurerm\"]",
      "instances": [
        {
          "schema_version": 1,
          "attributes": {
            "client_id": "0d93ac24-e177-492a-ba29-b09e2be24ea5",
            "id": "/subscriptions/7b1f7584-2f78-4923-851d-04a91bb32a57/resourceGroups/rg-aks-cluster/providers/Microsoft.ManagedIdentity/userAssignedIdentities/aks-cluster-agentpool",
            "location": "westeurope",
            "name": "aks-cluster-agentpool",
            "principal_id": "53d73c8b-e29b-4b91-bf41-bede8074dae7",
            "resource_group_name": "rg-aks-cluster",
            "tags": {
              "environment": "development",
              "source": "terraform"
            },
            "tenant_id": "558506eb-9459-4ef3-b920-ad55c555e729",
            "timeouts": null
          },
          "sensitive_attributes": [],
          "private": "eyJlMmJmYjczMC1lY2FhLTExZTYtOGY4OC0zNDM2M2JjN2M0YzAiOnsiY3JlYXRlIjoxODAwMDAwMDAwMDAwLCJkZWxldGUiOjE4MDAwMDAwMDAwMDAsInJlYWQiOjMwMDAwMDAwMDAwMCwidXBkYXRlIjoxODAwMDAwMDAwMDAwfSwic2NoZW1hX3ZlcnNpb24iOiIxIn0=",
          "dependencies": [
            "azurerm_resource_group.rg"
          ]
        }
      ]
    },
    {
      "mode": "managed",
      "type": "azurerm_virtual_network",
      "name": "vnet",
      "provider": "provider[\"registry.terraform.io/hashicorp/azurerm\"]",
      "instances": [
        {
          "schema_version": 0,
          "attributes": {
            "address_space": [
              "10.0.0.0/8"
            ],
            "bgp_community": "",
            "ddos_protection_plan": [],
            "dns_servers": [],
            "edge_zone": "",
            "flow_timeout_in_minutes": 0,
            "guid": "f9530fa3-6610-41b4-8940-f5c1608925f3",
            "id": "/subscriptions/7b1f7584-2f78-4923-851d-04a91bb32a57/resourceGroups/rg-aks-cluster/providers/Microsoft.Network/virtualNetworks/vnet-spoke-aks",
            "location": "westeurope",
            "name": "vnet-spoke-aks",
            "resource_group_name": "rg-aks-cluster",
            "subnet": [
              {
                "address_prefix": "10.1.0.0/16",
                "id": "/subscriptions/7b1f7584-2f78-4923-851d-04a91bb32a57/resourceGroups/rg-aks-cluster/providers/Microsoft.Network/virtualNetworks/vnet-spoke-aks/subnets/subnet-appgw",
                "name": "subnet-appgw",
                "security_group": ""
              },
              {
                "address_prefix": "10.240.0.0/24",
                "id": "/subscriptions/7b1f7584-2f78-4923-851d-04a91bb32a57/resourceGroups/rg-aks-cluster/providers/Microsoft.Network/virtualNetworks/vnet-spoke-aks/subnets/subnet-aks-pods",
                "name": "subnet-aks-pods",
                "security_group": ""
              },
              {
                "address_prefix": "10.241.0.0/16",
                "id": "/subscriptions/7b1f7584-2f78-4923-851d-04a91bb32a57/resourceGroups/rg-aks-cluster/providers/Microsoft.Network/virtualNetworks/vnet-spoke-aks/subnets/subnet-aks-nodes",
                "name": "subnet-aks-nodes",
                "security_group": ""
              }
            ],
            "tags": {
              "environment": "development",
              "source": "terraform"
            },
            "timeouts": null
          },
          "sensitive_attributes": [],
          "private": "eyJlMmJmYjczMC1lY2FhLTExZTYtOGY4OC0zNDM2M2JjN2M0YzAiOnsiY3JlYXRlIjoxODAwMDAwMDAwMDAwLCJkZWxldGUiOjE4MDAwMDAwMDAwMDAsInJlYWQiOjMwMDAwMDAwMDAwMCwidXBkYXRlIjoxODAwMDAwMDAwMDAwfX0=",
          "dependencies": [
            "azurerm_resource_group.rg"
          ]
        }
      ]
    },
    {
      "mode": "managed",
      "type": "azurerm_virtual_network_peering",
      "name": "peering_vnet_aks_vnet_vm_jumpbox",
      "provider": "provider[\"registry.terraform.io/hashicorp/azurerm\"]",
      "instances": [
        {
          "schema_version": 0,
          "attributes": {
            "allow_forwarded_traffic": true,
            "allow_gateway_transit": false,
            "allow_virtual_network_access": true,
            "id": "/subscriptions/7b1f7584-2f78-4923-851d-04a91bb32a57/resourceGroups/rg-aks-cluster/providers/Microsoft.Network/virtualNetworks/vnet-spoke-aks/virtualNetworkPeerings/peering_vnet_aks_vnet_vm_jumpbox",
            "name": "peering_vnet_aks_vnet_vm_jumpbox",
            "remote_virtual_network_id": "/subscriptions/4b72ed90-7ca3-4e76-8d0f-31a2c0bee7a3/resourceGroups/rg-vm-devbox/providers/Microsoft.Network/virtualNetworks/rg-vm-devbox-vnet",
            "resource_group_name": "rg-aks-cluster",
            "timeouts": null,
            "use_remote_gateways": false,
            "virtual_network_name": "vnet-spoke-aks"
          },
          "sensitive_attributes": [],
          "private": "eyJlMmJmYjczMC1lY2FhLTExZTYtOGY4OC0zNDM2M2JjN2M0YzAiOnsiY3JlYXRlIjoxODAwMDAwMDAwMDAwLCJkZWxldGUiOjE4MDAwMDAwMDAwMDAsInJlYWQiOjMwMDAwMDAwMDAwMCwidXBkYXRlIjoxODAwMDAwMDAwMDAwfX0=",
          "dependencies": [
            "azurerm_resource_group.rg",
            "azurerm_virtual_network.vnet",
            "data.azurerm_virtual_network.vnet_vm_jumpbox"
          ]
        }
      ]
    },
    {
      "mode": "managed",
      "type": "azurerm_virtual_network_peering",
      "name": "peering_vnet_vm_jumpbox_vnet_aks",
      "provider": "provider[\"registry.terraform.io/hashicorp/azurerm\"].ms-internal",
      "instances": [
        {
          "schema_version": 0,
          "attributes": {
            "allow_forwarded_traffic": true,
            "allow_gateway_transit": false,
            "allow_virtual_network_access": true,
            "id": "/subscriptions/4b72ed90-7ca3-4e76-8d0f-31a2c0bee7a3/resourceGroups/rg-vm-devbox/providers/Microsoft.Network/virtualNetworks/rg-vm-devbox-vnet/virtualNetworkPeerings/peering_vnet_vm_jumpbox_vnet_aks",
            "name": "peering_vnet_vm_jumpbox_vnet_aks",
            "remote_virtual_network_id": "/subscriptions/7b1f7584-2f78-4923-851d-04a91bb32a57/resourceGroups/rg-aks-cluster/providers/Microsoft.Network/virtualNetworks/vnet-spoke-aks",
            "resource_group_name": "rg-vm-devbox",
            "timeouts": null,
            "use_remote_gateways": false,
            "virtual_network_name": "rg-vm-devbox-vnet"
          },
          "sensitive_attributes": [],
          "private": "eyJlMmJmYjczMC1lY2FhLTExZTYtOGY4OC0zNDM2M2JjN2M0YzAiOnsiY3JlYXRlIjoxODAwMDAwMDAwMDAwLCJkZWxldGUiOjE4MDAwMDAwMDAwMDAsInJlYWQiOjMwMDAwMDAwMDAwMCwidXBkYXRlIjoxODAwMDAwMDAwMDAwfX0=",
          "dependencies": [
            "azurerm_resource_group.rg",
            "azurerm_virtual_network.vnet"
          ]
        }
      ]
    }
  ]
}
