{
  "version": 4,
  "terraform_version": "1.2.1",
  "serial": 48,
  "lineage": "b964f7e0-098b-8e36-32c3-b6df6878d5cc",
  "outputs": {
    "application_ip_address": {
      "value": "20.101.117.20",
      "type": "string"
    },
    "client_certificate": {
      "value": "",
      "type": "string",
      "sensitive": true
    },
    "client_key": {
      "value": "",
      "type": "string",
      "sensitive": true
    },
    "cluster_ca_certificate": {
      "value": "LS0tLS1CRUdJTiBDRVJUSUZJQ0FURS0tLS0tCk1JSUU2VENDQXRHZ0F3SUJBZ0lSQU54ZVY2TzVKVCtnUWN1eHg5Q0xaMFV3RFFZSktvWklodmNOQVFFTEJRQXcKRFRFTE1Ba0dBMVVFQXhNQ1kyRXdJQmNOTWpJd05UTXhNRGd6TWpNM1doZ1BNakExTWpBMU16RXdPRFF5TXpkYQpNQTB4Q3pBSkJnTlZCQU1UQW1OaE1JSUNJakFOQmdrcWhraUc5dzBCQVFFRkFBT0NBZzhBTUlJQ0NnS0NBZ0VBCjQ5d0Q2emVLMUMrbzdjdVRtVXNXdmxscWVGb3E5dllFczJpZVlCUFF6RFpud3NFQmY2QlJ2ZTJDck5ycTVDUnAKWGRxQkNtaVlGUlMxRk5MRWpXaUMvLzBQQnBlT0JnWnpmSFE3SW02RzhNNjBzMS9LOHVsa1ZHYU1QMStxVndMTgo5REZMaGNiVUxvQ1JzbEFsUFI3OHh4TDQvRHFXdng1WXdqTit5UWdSVnZsUWZObDZrd3pTTmM0VS93LzJKV0luCmRqeDZzMHVmU2gyUy80K2xadzlEdjM3bTNwdEhCMjlNbzRIam9GemdTR3lTV3JCMjd6MGI4Vkdma290MHZtWGgKYjlPandjb09xaU1hbFRSdmhOMmtnRUV5WjVYWG5SWkZ0eUJZWFVYQmE4RE5jdEE2cEd0ZjBYYzNqdzh4WWhkQgpRQUx2dkt1c1M1eGN4cHM3YTh2QkxFZWxHdnl4elhwdDRrN0NkRmVsRHVFOEMxOFV1N2NrUlNsb0ZKQ3JUQnI2CkZXaGJ1ekg3NlpGK3pvRUxrVVhTZU5Ydk1HWmNZYW9EbFluM2JVQTZkaE1vMjFCRDJtUUdwQ2Vya0dCVVpkanIKWkNLTzZtUUpGWS9tRkZmRVZDSSt2bjFJZnBxMzJVbjcxVmU2ZXAwclVYdDFndVAxQ2k2WnhJQ0VWQWxnOUZvRQpmbHhtbmY5eXozNGxFOWMxV1BtQ0tkY200aEtNeXg4UTZndzh3NUhLTVhpd2tJbFRqM2dRa1praUVMZHdFOFcrCjhtR0ZycFphVlhhY0ROZGM5U2wvUGJRQzhEL3pRdnc1QXVJR2lNUERyV2pSc1djUWJXMlluOGx4ZVpTQ0d0L04KVU5IalZmbk1RL3BXSFNMdXVucnErUUNaVEl2czJEOExrSUZPemY0Y3o2Y0NBd0VBQWFOQ01FQXdEZ1lEVlIwUApBUUgvQkFRREFnS2tNQThHQTFVZEV3RUIvd1FGTUFNQkFmOHdIUVlEVlIwT0JCWUVGS0JxWHBxSk8zOW9jTHhDCmg5cDJvRDhxY3pUQU1BMEdDU3FHU0liM0RRRUJDd1VBQTRJQ0FRQmxnUzBzMFhxbk11UkJMNFRFdEFuMDVFZE8KVzJaWFk4N3FOTDVKYXRsZlFFTjlrVGd2b2pIdlVCd3FhdmI5TUxzMzd3a21FL2x1RlVaRTc1ZksxcUZ2OHIrSAppU0oxNDRrUUpmOHhTYjYwZmVIOVZBK3ZLaFhFOXlRQk1IYzFtMmJDV0pqRnhRVCtSNXZEYmdTRFZJa015ZEpiCjBYZG45Qkg0Wmh1bHQ4djB0U2RLS3NPa21CNFA1eU1UNktRaytTbFdQZXdQSndnN2NrSFF5aW4yTFpDbkJiRnUKbE1iWFQ3czVwTHFFV1RPcmRmakRzbU9qTGw1dmxJdTBDUGdaMndlSDZIYXQ0RmRkdnJFalpoakU0My9RWXJlVgpDUkxxSGIvVWNCeUxZQy9wSG8rQlpKUHlyTUQ5QmV4Mk1pYktpNnFPRWxuRk45Q1FLWjRtUFo0WTJjQ0x2Ni9NCmJrNGRObWpjMkpVR2lFTm1MaTFZRFFYeHBrM3diR2JIcmtyQ2VRRkFNWlgyVHM5b2lEMC9UL3c1WWp6WGVHdkIKaHhvZkU1MDFvR1d4Y1lONmVkbTRCaWFUdlRYTnV1NjdTVVcxVnkxdjlBeFJjVm8yRHBWREdqVi9XRFNTK2JLZgpuQ2dTNzh5Tm8zcjRvM201dEJkMitwVzNtNjk5d04yblA5dWZVUTJWQVorcFZ0Zm1OOEpRdjd1eDJvWTVGSGM0CmdCd0dmUnJxMDlsYzZVVW14cXNlcXZnS3gxSTdJUWFNTi8xbXpONjU5by9hbWcvOC9KSDAzYlV5YVd2ZWx6UmcKc2R6OU0vRUVhdFJ2SFhVOUVIbGtJYmZ3YnNHRzdjWG9WRTROVkFaSXlJc0U5ZkswYWxTemcwZWpoYlhjNzA5cwpKSXYrWFltZVRja1pDamtneWc9PQotLS0tLUVORCBDRVJUSUZJQ0FURS0tLS0tCg==",
      "type": "string",
      "sensitive": true
    },
    "cluster_password": {
      "value": "",
      "type": "string",
      "sensitive": true
    },
    "cluster_username": {
      "value": "clusterUser_rg-aks-cluster_aks-cluster",
      "type": "string",
      "sensitive": true
    },
    "host": {
      "value": "https://aks-195f7bdc.hcp.westeurope.azmk8s.io:443",
      "type": "string",
      "sensitive": true
    },
    "kube_config": {
      "value": "apiVersion: v1\nclusters:\n- cluster:\n    certificate-authority-data: LS0tLS1CRUdJTiBDRVJUSUZJQ0FURS0tLS0tCk1JSUU2VENDQXRHZ0F3SUJBZ0lSQU54ZVY2TzVKVCtnUWN1eHg5Q0xaMFV3RFFZSktvWklodmNOQVFFTEJRQXcKRFRFTE1Ba0dBMVVFQXhNQ1kyRXdJQmNOTWpJd05UTXhNRGd6TWpNM1doZ1BNakExTWpBMU16RXdPRFF5TXpkYQpNQTB4Q3pBSkJnTlZCQU1UQW1OaE1JSUNJakFOQmdrcWhraUc5dzBCQVFFRkFBT0NBZzhBTUlJQ0NnS0NBZ0VBCjQ5d0Q2emVLMUMrbzdjdVRtVXNXdmxscWVGb3E5dllFczJpZVlCUFF6RFpud3NFQmY2QlJ2ZTJDck5ycTVDUnAKWGRxQkNtaVlGUlMxRk5MRWpXaUMvLzBQQnBlT0JnWnpmSFE3SW02RzhNNjBzMS9LOHVsa1ZHYU1QMStxVndMTgo5REZMaGNiVUxvQ1JzbEFsUFI3OHh4TDQvRHFXdng1WXdqTit5UWdSVnZsUWZObDZrd3pTTmM0VS93LzJKV0luCmRqeDZzMHVmU2gyUy80K2xadzlEdjM3bTNwdEhCMjlNbzRIam9GemdTR3lTV3JCMjd6MGI4Vkdma290MHZtWGgKYjlPandjb09xaU1hbFRSdmhOMmtnRUV5WjVYWG5SWkZ0eUJZWFVYQmE4RE5jdEE2cEd0ZjBYYzNqdzh4WWhkQgpRQUx2dkt1c1M1eGN4cHM3YTh2QkxFZWxHdnl4elhwdDRrN0NkRmVsRHVFOEMxOFV1N2NrUlNsb0ZKQ3JUQnI2CkZXaGJ1ekg3NlpGK3pvRUxrVVhTZU5Ydk1HWmNZYW9EbFluM2JVQTZkaE1vMjFCRDJtUUdwQ2Vya0dCVVpkanIKWkNLTzZtUUpGWS9tRkZmRVZDSSt2bjFJZnBxMzJVbjcxVmU2ZXAwclVYdDFndVAxQ2k2WnhJQ0VWQWxnOUZvRQpmbHhtbmY5eXozNGxFOWMxV1BtQ0tkY200aEtNeXg4UTZndzh3NUhLTVhpd2tJbFRqM2dRa1praUVMZHdFOFcrCjhtR0ZycFphVlhhY0ROZGM5U2wvUGJRQzhEL3pRdnc1QXVJR2lNUERyV2pSc1djUWJXMlluOGx4ZVpTQ0d0L04KVU5IalZmbk1RL3BXSFNMdXVucnErUUNaVEl2czJEOExrSUZPemY0Y3o2Y0NBd0VBQWFOQ01FQXdEZ1lEVlIwUApBUUgvQkFRREFnS2tNQThHQTFVZEV3RUIvd1FGTUFNQkFmOHdIUVlEVlIwT0JCWUVGS0JxWHBxSk8zOW9jTHhDCmg5cDJvRDhxY3pUQU1BMEdDU3FHU0liM0RRRUJDd1VBQTRJQ0FRQmxnUzBzMFhxbk11UkJMNFRFdEFuMDVFZE8KVzJaWFk4N3FOTDVKYXRsZlFFTjlrVGd2b2pIdlVCd3FhdmI5TUxzMzd3a21FL2x1RlVaRTc1ZksxcUZ2OHIrSAppU0oxNDRrUUpmOHhTYjYwZmVIOVZBK3ZLaFhFOXlRQk1IYzFtMmJDV0pqRnhRVCtSNXZEYmdTRFZJa015ZEpiCjBYZG45Qkg0Wmh1bHQ4djB0U2RLS3NPa21CNFA1eU1UNktRaytTbFdQZXdQSndnN2NrSFF5aW4yTFpDbkJiRnUKbE1iWFQ3czVwTHFFV1RPcmRmakRzbU9qTGw1dmxJdTBDUGdaMndlSDZIYXQ0RmRkdnJFalpoakU0My9RWXJlVgpDUkxxSGIvVWNCeUxZQy9wSG8rQlpKUHlyTUQ5QmV4Mk1pYktpNnFPRWxuRk45Q1FLWjRtUFo0WTJjQ0x2Ni9NCmJrNGRObWpjMkpVR2lFTm1MaTFZRFFYeHBrM3diR2JIcmtyQ2VRRkFNWlgyVHM5b2lEMC9UL3c1WWp6WGVHdkIKaHhvZkU1MDFvR1d4Y1lONmVkbTRCaWFUdlRYTnV1NjdTVVcxVnkxdjlBeFJjVm8yRHBWREdqVi9XRFNTK2JLZgpuQ2dTNzh5Tm8zcjRvM201dEJkMitwVzNtNjk5d04yblA5dWZVUTJWQVorcFZ0Zm1OOEpRdjd1eDJvWTVGSGM0CmdCd0dmUnJxMDlsYzZVVW14cXNlcXZnS3gxSTdJUWFNTi8xbXpONjU5by9hbWcvOC9KSDAzYlV5YVd2ZWx6UmcKc2R6OU0vRUVhdFJ2SFhVOUVIbGtJYmZ3YnNHRzdjWG9WRTROVkFaSXlJc0U5ZkswYWxTemcwZWpoYlhjNzA5cwpKSXYrWFltZVRja1pDamtneWc9PQotLS0tLUVORCBDRVJUSUZJQ0FURS0tLS0tCg==\n    server: https://aks-195f7bdc.hcp.westeurope.azmk8s.io:443\n  name: aks-cluster\ncontexts:\n- context:\n    cluster: aks-cluster\n    user: clusterUser_rg-aks-cluster_aks-cluster\n  name: aks-cluster\ncurrent-context: aks-cluster\nkind: Config\npreferences: {}\nusers:\n- name: clusterUser_rg-aks-cluster_aks-cluster\n  user:\n    auth-provider:\n      config:\n        apiserver-id: 6dae42f8-4368-4678-94ff-3960e28e3630\n        client-id: 80faf920-1908-4b52-b5ef-a8e7bedfc67a\n        config-mode: \"1\"\n        environment: AzurePublicCloud\n        tenant-id: 72f988bf-86f1-41af-91ab-2d7cd011db47\n      name: azure\n",
      "type": "string",
      "sensitive": true
    },
    "resource_group_name": {
      "value": "rg-aks-cluster",
      "type": "string"
    }
  },
  "resources": [
    {
      "mode": "data",
      "type": "azuread_client_config",
      "name": "current",
      "provider": "provider[\"registry.terraform.io/hashicorp/azuread\"]",
      "instances": [
        {
          "schema_version": 0,
          "attributes": {
            "client_id": "04b07795-8ddb-461a-bbee-02f9e1bf7b46",
            "id": "72f988bf-86f1-41af-91ab-2d7cd011db47-04b07795-8ddb-461a-bbee-02f9e1bf7b46-9c1706eb-db28-4105-b993-f93a83f974b8",
            "object_id": "9c1706eb-db28-4105-b993-f93a83f974b8",
            "tenant_id": "72f988bf-86f1-41af-91ab-2d7cd011db47",
            "timeouts": null
          },
          "sensitive_attributes": []
        }
      ]
    },
    {
      "mode": "data",
      "type": "azurerm_client_config",
      "name": "current",
      "provider": "provider[\"registry.terraform.io/hashicorp/azurerm\"]",
      "instances": [
        {
          "schema_version": 0,
          "attributes": {
            "client_id": "04b07795-8ddb-461a-bbee-02f9e1bf7b46",
            "id": "2022-05-31 09:09:15.614603 +0000 UTC",
            "object_id": "",
            "subscription_id": "4b72ed90-7ca3-4e76-8d0f-31a2c0bee7a3",
            "tenant_id": "72f988bf-86f1-41af-91ab-2d7cd011db47",
            "timeouts": null
          },
          "sensitive_attributes": []
        }
      ]
    },
    {
      "mode": "data",
      "type": "azurerm_kubernetes_cluster",
      "name": "aks",
      "provider": "provider[\"registry.terraform.io/hashicorp/azurerm\"]",
      "instances": [
        {
          "schema_version": 0,
          "attributes": {
            "aci_connector_linux": [],
            "agent_pool_profile": [
              {
                "count": 1,
                "enable_auto_scaling": true,
                "enable_node_public_ip": false,
                "max_count": 2,
                "max_pods": 110,
                "min_count": 1,
                "name": "appspool",
                "node_labels": {},
                "node_public_ip_prefix_id": "",
                "node_taints": [],
                "orchestrator_version": "1.23.5",
                "os_disk_size_gb": 60,
                "os_type": "Linux",
                "tags": {
                  "environment": "development",
                  "source": "terraform"
                },
                "type": "VirtualMachineScaleSets",
                "upgrade_settings": [
                  {
                    "max_surge": "1"
                  }
                ],
                "vm_size": "Standard_D2as_v5",
                "vnet_subnet_id": "/subscriptions/4b72ed90-7ca3-4e76-8d0f-31a2c0bee7a3/resourceGroups/rg-aks-cluster/providers/Microsoft.Network/virtualNetworks/vnet-spoke-aks/subnets/subnet-aks-nodes",
                "zones": [
                  "2",
                  "3",
                  "1"
                ]
              },
              {
                "count": 1,
                "enable_auto_scaling": false,
                "enable_node_public_ip": false,
                "max_count": 0,
                "max_pods": 250,
                "min_count": 0,
                "name": "systempool",
                "node_labels": {},
                "node_public_ip_prefix_id": "",
                "node_taints": [
                  "CriticalAddonsOnly=true:NoSchedule"
                ],
                "orchestrator_version": "1.23.5",
                "os_disk_size_gb": 40,
                "os_type": "Linux",
                "tags": {
                  "environment": "development",
                  "source": "terraform"
                },
                "type": "VirtualMachineScaleSets",
                "upgrade_settings": [],
                "vm_size": "Standard_D2as_v5",
                "vnet_subnet_id": "/subscriptions/4b72ed90-7ca3-4e76-8d0f-31a2c0bee7a3/resourceGroups/rg-aks-cluster/providers/Microsoft.Network/virtualNetworks/vnet-spoke-aks/subnets/subnet-aks-nodes",
                "zones": [
                  "2",
                  "3",
                  "1"
                ]
              }
            ],
            "api_server_authorized_ip_ranges": [
              "0.0.0.0/0"
            ],
            "azure_active_directory_role_based_access_control": [
              {
                "admin_group_object_ids": [
                  "1eb16a7c-42cc-49e3-8ff0-d179433be6a6"
                ],
                "azure_rbac_enabled": true,
                "client_app_id": "",
                "managed": true,
                "server_app_id": "",
                "tenant_id": "72f988bf-86f1-41af-91ab-2d7cd011db47"
              }
            ],
            "azure_policy_enabled": true,
            "disk_encryption_set_id": "",
            "dns_prefix": "aks",
            "fqdn": "aks-195f7bdc.hcp.westeurope.azmk8s.io",
            "http_application_routing_enabled": false,
            "http_application_routing_zone_name": "",
            "id": "/subscriptions/4b72ed90-7ca3-4e76-8d0f-31a2c0bee7a3/resourceGroups/rg-aks-cluster/providers/Microsoft.ContainerService/managedClusters/aks-cluster",
            "identity": [
              {
                "identity_ids": [
                  "/subscriptions/4b72ed90-7ca3-4e76-8d0f-31a2c0bee7a3/resourceGroups/rg-aks-cluster/providers/Microsoft.ManagedIdentity/userAssignedIdentities/identity-aks"
                ],
                "principal_id": "",
                "tenant_id": "",
                "type": "UserAssigned"
              }
            ],
            "ingress_application_gateway": [
              {
                "effective_gateway_id": "/subscriptions/4b72ed90-7ca3-4e76-8d0f-31a2c0bee7a3/resourceGroups/rg-aks-cluster/providers/Microsoft.Network/applicationGateways/appgw-aks",
                "gateway_id": "/subscriptions/4b72ed90-7ca3-4e76-8d0f-31a2c0bee7a3/resourceGroups/rg-aks-cluster/providers/Microsoft.Network/applicationGateways/appgw-aks",
                "gateway_name": "",
                "ingress_application_gateway_identity": [
                  {
                    "client_id": "1dc8567b-1767-4ba4-b0c9-c7edb9c8c481",
                    "object_id": "d6d40202-963d-4e74-9eb2-3a03871cd9c8",
                    "user_assigned_identity_id": "/subscriptions/4b72ed90-7ca3-4e76-8d0f-31a2c0bee7a3/resourcegroups/rg-aks-cluster-managed/providers/Microsoft.ManagedIdentity/userAssignedIdentities/ingressapplicationgateway-aks-cluster"
                  }
                ],
                "subnet_cidr": "",
                "subnet_id": ""
              }
            ],
            "key_vault_secrets_provider": [
              {
                "secret_identity": [
                  {
                    "client_id": "5906ffbc-b3e2-4a55-9e7d-506fafcd591f",
                    "object_id": "34d801e1-1119-4120-89cd-e56ec3463208",
                    "user_assigned_identity_id": "/subscriptions/4b72ed90-7ca3-4e76-8d0f-31a2c0bee7a3/resourcegroups/rg-aks-cluster-managed/providers/Microsoft.ManagedIdentity/userAssignedIdentities/azurekeyvaultsecretsprovider-aks-cluster"
                  }
                ],
                "secret_rotation_enabled": true,
                "secret_rotation_interval": "2m"
              }
            ],
            "kube_admin_config": [],
            "kube_admin_config_raw": "",
            "kube_config": [
              {
                "client_certificate": "",
                "client_key": "",
                "cluster_ca_certificate": "LS0tLS1CRUdJTiBDRVJUSUZJQ0FURS0tLS0tCk1JSUU2VENDQXRHZ0F3SUJBZ0lSQU54ZVY2TzVKVCtnUWN1eHg5Q0xaMFV3RFFZSktvWklodmNOQVFFTEJRQXcKRFRFTE1Ba0dBMVVFQXhNQ1kyRXdJQmNOTWpJd05UTXhNRGd6TWpNM1doZ1BNakExTWpBMU16RXdPRFF5TXpkYQpNQTB4Q3pBSkJnTlZCQU1UQW1OaE1JSUNJakFOQmdrcWhraUc5dzBCQVFFRkFBT0NBZzhBTUlJQ0NnS0NBZ0VBCjQ5d0Q2emVLMUMrbzdjdVRtVXNXdmxscWVGb3E5dllFczJpZVlCUFF6RFpud3NFQmY2QlJ2ZTJDck5ycTVDUnAKWGRxQkNtaVlGUlMxRk5MRWpXaUMvLzBQQnBlT0JnWnpmSFE3SW02RzhNNjBzMS9LOHVsa1ZHYU1QMStxVndMTgo5REZMaGNiVUxvQ1JzbEFsUFI3OHh4TDQvRHFXdng1WXdqTit5UWdSVnZsUWZObDZrd3pTTmM0VS93LzJKV0luCmRqeDZzMHVmU2gyUy80K2xadzlEdjM3bTNwdEhCMjlNbzRIam9GemdTR3lTV3JCMjd6MGI4Vkdma290MHZtWGgKYjlPandjb09xaU1hbFRSdmhOMmtnRUV5WjVYWG5SWkZ0eUJZWFVYQmE4RE5jdEE2cEd0ZjBYYzNqdzh4WWhkQgpRQUx2dkt1c1M1eGN4cHM3YTh2QkxFZWxHdnl4elhwdDRrN0NkRmVsRHVFOEMxOFV1N2NrUlNsb0ZKQ3JUQnI2CkZXaGJ1ekg3NlpGK3pvRUxrVVhTZU5Ydk1HWmNZYW9EbFluM2JVQTZkaE1vMjFCRDJtUUdwQ2Vya0dCVVpkanIKWkNLTzZtUUpGWS9tRkZmRVZDSSt2bjFJZnBxMzJVbjcxVmU2ZXAwclVYdDFndVAxQ2k2WnhJQ0VWQWxnOUZvRQpmbHhtbmY5eXozNGxFOWMxV1BtQ0tkY200aEtNeXg4UTZndzh3NUhLTVhpd2tJbFRqM2dRa1praUVMZHdFOFcrCjhtR0ZycFphVlhhY0ROZGM5U2wvUGJRQzhEL3pRdnc1QXVJR2lNUERyV2pSc1djUWJXMlluOGx4ZVpTQ0d0L04KVU5IalZmbk1RL3BXSFNMdXVucnErUUNaVEl2czJEOExrSUZPemY0Y3o2Y0NBd0VBQWFOQ01FQXdEZ1lEVlIwUApBUUgvQkFRREFnS2tNQThHQTFVZEV3RUIvd1FGTUFNQkFmOHdIUVlEVlIwT0JCWUVGS0JxWHBxSk8zOW9jTHhDCmg5cDJvRDhxY3pUQU1BMEdDU3FHU0liM0RRRUJDd1VBQTRJQ0FRQmxnUzBzMFhxbk11UkJMNFRFdEFuMDVFZE8KVzJaWFk4N3FOTDVKYXRsZlFFTjlrVGd2b2pIdlVCd3FhdmI5TUxzMzd3a21FL2x1RlVaRTc1ZksxcUZ2OHIrSAppU0oxNDRrUUpmOHhTYjYwZmVIOVZBK3ZLaFhFOXlRQk1IYzFtMmJDV0pqRnhRVCtSNXZEYmdTRFZJa015ZEpiCjBYZG45Qkg0Wmh1bHQ4djB0U2RLS3NPa21CNFA1eU1UNktRaytTbFdQZXdQSndnN2NrSFF5aW4yTFpDbkJiRnUKbE1iWFQ3czVwTHFFV1RPcmRmakRzbU9qTGw1dmxJdTBDUGdaMndlSDZIYXQ0RmRkdnJFalpoakU0My9RWXJlVgpDUkxxSGIvVWNCeUxZQy9wSG8rQlpKUHlyTUQ5QmV4Mk1pYktpNnFPRWxuRk45Q1FLWjRtUFo0WTJjQ0x2Ni9NCmJrNGRObWpjMkpVR2lFTm1MaTFZRFFYeHBrM3diR2JIcmtyQ2VRRkFNWlgyVHM5b2lEMC9UL3c1WWp6WGVHdkIKaHhvZkU1MDFvR1d4Y1lONmVkbTRCaWFUdlRYTnV1NjdTVVcxVnkxdjlBeFJjVm8yRHBWREdqVi9XRFNTK2JLZgpuQ2dTNzh5Tm8zcjRvM201dEJkMitwVzNtNjk5d04yblA5dWZVUTJWQVorcFZ0Zm1OOEpRdjd1eDJvWTVGSGM0CmdCd0dmUnJxMDlsYzZVVW14cXNlcXZnS3gxSTdJUWFNTi8xbXpONjU5by9hbWcvOC9KSDAzYlV5YVd2ZWx6UmcKc2R6OU0vRUVhdFJ2SFhVOUVIbGtJYmZ3YnNHRzdjWG9WRTROVkFaSXlJc0U5ZkswYWxTemcwZWpoYlhjNzA5cwpKSXYrWFltZVRja1pDamtneWc9PQotLS0tLUVORCBDRVJUSUZJQ0FURS0tLS0tCg==",
                "host": "https://aks-195f7bdc.hcp.westeurope.azmk8s.io:443",
                "password": "",
                "username": "clusterUser_rg-aks-cluster_aks-cluster"
              }
            ],
            "kube_config_raw": "apiVersion: v1\nclusters:\n- cluster:\n    certificate-authority-data: LS0tLS1CRUdJTiBDRVJUSUZJQ0FURS0tLS0tCk1JSUU2VENDQXRHZ0F3SUJBZ0lSQU54ZVY2TzVKVCtnUWN1eHg5Q0xaMFV3RFFZSktvWklodmNOQVFFTEJRQXcKRFRFTE1Ba0dBMVVFQXhNQ1kyRXdJQmNOTWpJd05UTXhNRGd6TWpNM1doZ1BNakExTWpBMU16RXdPRFF5TXpkYQpNQTB4Q3pBSkJnTlZCQU1UQW1OaE1JSUNJakFOQmdrcWhraUc5dzBCQVFFRkFBT0NBZzhBTUlJQ0NnS0NBZ0VBCjQ5d0Q2emVLMUMrbzdjdVRtVXNXdmxscWVGb3E5dllFczJpZVlCUFF6RFpud3NFQmY2QlJ2ZTJDck5ycTVDUnAKWGRxQkNtaVlGUlMxRk5MRWpXaUMvLzBQQnBlT0JnWnpmSFE3SW02RzhNNjBzMS9LOHVsa1ZHYU1QMStxVndMTgo5REZMaGNiVUxvQ1JzbEFsUFI3OHh4TDQvRHFXdng1WXdqTit5UWdSVnZsUWZObDZrd3pTTmM0VS93LzJKV0luCmRqeDZzMHVmU2gyUy80K2xadzlEdjM3bTNwdEhCMjlNbzRIam9GemdTR3lTV3JCMjd6MGI4Vkdma290MHZtWGgKYjlPandjb09xaU1hbFRSdmhOMmtnRUV5WjVYWG5SWkZ0eUJZWFVYQmE4RE5jdEE2cEd0ZjBYYzNqdzh4WWhkQgpRQUx2dkt1c1M1eGN4cHM3YTh2QkxFZWxHdnl4elhwdDRrN0NkRmVsRHVFOEMxOFV1N2NrUlNsb0ZKQ3JUQnI2CkZXaGJ1ekg3NlpGK3pvRUxrVVhTZU5Ydk1HWmNZYW9EbFluM2JVQTZkaE1vMjFCRDJtUUdwQ2Vya0dCVVpkanIKWkNLTzZtUUpGWS9tRkZmRVZDSSt2bjFJZnBxMzJVbjcxVmU2ZXAwclVYdDFndVAxQ2k2WnhJQ0VWQWxnOUZvRQpmbHhtbmY5eXozNGxFOWMxV1BtQ0tkY200aEtNeXg4UTZndzh3NUhLTVhpd2tJbFRqM2dRa1praUVMZHdFOFcrCjhtR0ZycFphVlhhY0ROZGM5U2wvUGJRQzhEL3pRdnc1QXVJR2lNUERyV2pSc1djUWJXMlluOGx4ZVpTQ0d0L04KVU5IalZmbk1RL3BXSFNMdXVucnErUUNaVEl2czJEOExrSUZPemY0Y3o2Y0NBd0VBQWFOQ01FQXdEZ1lEVlIwUApBUUgvQkFRREFnS2tNQThHQTFVZEV3RUIvd1FGTUFNQkFmOHdIUVlEVlIwT0JCWUVGS0JxWHBxSk8zOW9jTHhDCmg5cDJvRDhxY3pUQU1BMEdDU3FHU0liM0RRRUJDd1VBQTRJQ0FRQmxnUzBzMFhxbk11UkJMNFRFdEFuMDVFZE8KVzJaWFk4N3FOTDVKYXRsZlFFTjlrVGd2b2pIdlVCd3FhdmI5TUxzMzd3a21FL2x1RlVaRTc1ZksxcUZ2OHIrSAppU0oxNDRrUUpmOHhTYjYwZmVIOVZBK3ZLaFhFOXlRQk1IYzFtMmJDV0pqRnhRVCtSNXZEYmdTRFZJa015ZEpiCjBYZG45Qkg0Wmh1bHQ4djB0U2RLS3NPa21CNFA1eU1UNktRaytTbFdQZXdQSndnN2NrSFF5aW4yTFpDbkJiRnUKbE1iWFQ3czVwTHFFV1RPcmRmakRzbU9qTGw1dmxJdTBDUGdaMndlSDZIYXQ0RmRkdnJFalpoakU0My9RWXJlVgpDUkxxSGIvVWNCeUxZQy9wSG8rQlpKUHlyTUQ5QmV4Mk1pYktpNnFPRWxuRk45Q1FLWjRtUFo0WTJjQ0x2Ni9NCmJrNGRObWpjMkpVR2lFTm1MaTFZRFFYeHBrM3diR2JIcmtyQ2VRRkFNWlgyVHM5b2lEMC9UL3c1WWp6WGVHdkIKaHhvZkU1MDFvR1d4Y1lONmVkbTRCaWFUdlRYTnV1NjdTVVcxVnkxdjlBeFJjVm8yRHBWREdqVi9XRFNTK2JLZgpuQ2dTNzh5Tm8zcjRvM201dEJkMitwVzNtNjk5d04yblA5dWZVUTJWQVorcFZ0Zm1OOEpRdjd1eDJvWTVGSGM0CmdCd0dmUnJxMDlsYzZVVW14cXNlcXZnS3gxSTdJUWFNTi8xbXpONjU5by9hbWcvOC9KSDAzYlV5YVd2ZWx6UmcKc2R6OU0vRUVhdFJ2SFhVOUVIbGtJYmZ3YnNHRzdjWG9WRTROVkFaSXlJc0U5ZkswYWxTemcwZWpoYlhjNzA5cwpKSXYrWFltZVRja1pDamtneWc9PQotLS0tLUVORCBDRVJUSUZJQ0FURS0tLS0tCg==\n    server: https://aks-195f7bdc.hcp.westeurope.azmk8s.io:443\n  name: aks-cluster\ncontexts:\n- context:\n    cluster: aks-cluster\n    user: clusterUser_rg-aks-cluster_aks-cluster\n  name: aks-cluster\ncurrent-context: aks-cluster\nkind: Config\npreferences: {}\nusers:\n- name: clusterUser_rg-aks-cluster_aks-cluster\n  user:\n    auth-provider:\n      config:\n        apiserver-id: 6dae42f8-4368-4678-94ff-3960e28e3630\n        client-id: 80faf920-1908-4b52-b5ef-a8e7bedfc67a\n        config-mode: \"1\"\n        environment: AzurePublicCloud\n        tenant-id: 72f988bf-86f1-41af-91ab-2d7cd011db47\n      name: azure\n",
            "kubelet_identity": [
              {
                "client_id": "c97c896b-84a5-4cd3-909b-27070a801432",
                "object_id": "046d4692-ce48-42ca-bbbe-4f0c87ff995c",
                "user_assigned_identity_id": "/subscriptions/4b72ed90-7ca3-4e76-8d0f-31a2c0bee7a3/resourceGroups/rg-aks-cluster/providers/Microsoft.ManagedIdentity/userAssignedIdentities/aks-cluster-agentpool"
              }
            ],
            "kubernetes_version": "1.23.5",
            "linux_profile": [
              {
                "admin_username": "vmuser1",
                "ssh_key": [
                  {
                    "key_data": "ssh-rsa AAAAB3NzaC1yc2EAAAADAQABAAABAQClYpPcgxmq6/Dhe0oBvij3ta5P3roV1EFTSj0F/DuPC9NqW6IoMhDjVlXiNeGNQx5D2MfO5rgA0jiCCkrw8lwZv2+qqIKol6aDrYDLssqitkbK7yOMpCW1+IXBBpT6hkytJZ79He035QWEFfLFyHaWI1/Ti30We8kIk+y8AzJhAl0EOg70HVDF+tahLEhUUCEpIhGwW5nG7XLsh27TZS5244PWqfYAGarpZy3oa72kyRejsHErIWEfARXJhx0Ce2JnJe/G8vpwhExGeU+lbp9nch9JmZpapjdtgNgSm30oxYsQlw9A4yZU72exuOJn6FZa2cbRlcu++JK05fw5Gxph"
                  }
                ]
              }
            ],
            "location": "westeurope",
            "microsoft_defender": [],
            "name": "aks-cluster",
            "network_profile": [
              {
                "dns_service_ip": "10.0.0.10",
                "docker_bridge_cidr": "172.17.0.1/16",
                "load_balancer_sku": "Standard",
                "network_plugin": "azure",
                "network_policy": "calico",
                "pod_cidr": "",
                "service_cidr": "10.0.0.0/16"
              }
            ],
            "node_resource_group": "rg-aks-cluster-managed",
            "oidc_issuer_enabled": true,
            "oidc_issuer_url": "https://oidc.prod-aks.azure.com/e717b831-b9cc-4436-a646-258c56fce017/",
            "oms_agent": [],
            "open_service_mesh_enabled": true,
            "private_cluster_enabled": false,
            "private_fqdn": "",
            "resource_group_name": "rg-aks-cluster",
            "role_based_access_control_enabled": true,
            "service_principal": [
              {
                "client_id": "msi"
              }
            ],
            "tags": {
              "environment": "development",
              "source": "terraform"
            },
            "timeouts": null,
            "windows_profile": [
              {
                "admin_username": "azureuser"
              }
            ]
          },
          "sensitive_attributes": []
        }
      ]
    },
    {
      "mode": "data",
      "type": "azurerm_resource_group",
      "name": "aks_nodes_rg",
      "provider": "provider[\"registry.terraform.io/hashicorp/azurerm\"]",
      "instances": [
        {
          "schema_version": 0,
          "attributes": {
            "id": "/subscriptions/4b72ed90-7ca3-4e76-8d0f-31a2c0bee7a3/resourceGroups/rg-aks-cluster-managed",
            "location": "westeurope",
            "name": "rg-aks-cluster-managed",
            "tags": {
              "aks-managed-cluster-name": "aks-cluster",
              "aks-managed-cluster-rg": "rg-aks-cluster",
              "environment": "development",
              "source": "terraform"
            },
            "timeouts": null
          },
          "sensitive_attributes": []
        }
      ]
    },
    {
      "mode": "data",
      "type": "azurerm_subscription",
      "name": "current",
      "provider": "provider[\"registry.terraform.io/hashicorp/azurerm\"]",
      "instances": [
        {
          "schema_version": 0,
          "attributes": {
            "display_name": "Microsoft Internal",
            "id": "/subscriptions/4b72ed90-7ca3-4e76-8d0f-31a2c0bee7a3",
            "location_placement_id": "Internal_2014-09-01",
            "quota_id": "Internal_2014-09-01",
            "spending_limit": "Off",
            "state": "Enabled",
            "subscription_id": "4b72ed90-7ca3-4e76-8d0f-31a2c0bee7a3",
            "tags": {
              "Environment ": "Self Learning"
            },
            "tenant_id": "72f988bf-86f1-41af-91ab-2d7cd011db47",
            "timeouts": null
          },
          "sensitive_attributes": []
        }
      ]
    },
    {
      "mode": "managed",
      "type": "azuread_application",
      "name": "app_velero",
      "provider": "provider[\"registry.terraform.io/hashicorp/azuread\"]",
      "instances": [
        {
          "schema_version": 1,
          "attributes": {
            "api": [
              {
                "known_client_applications": [],
                "mapped_claims_enabled": false,
                "oauth2_permission_scope": [],
                "requested_access_token_version": 1
              }
            ],
            "app_role": [],
            "app_role_ids": {},
            "application_id": "6b69a224-d60f-4115-b6f9-a0e12d268582",
            "device_only_auth_enabled": false,
            "disabled_by_microsoft": "\u003cnil\u003e",
            "display_name": "app-velero",
            "fallback_public_client_enabled": false,
            "feature_tags": [
              {
                "custom_single_sign_on": false,
                "enterprise": false,
                "gallery": false,
                "hide": false
              }
            ],
            "group_membership_claims": [],
            "id": "61daac35-6923-4bb5-a2d3-d43a1f966bec",
            "identifier_uris": [],
            "logo_image": "",
            "logo_url": "",
            "marketing_url": "",
            "oauth2_permission_scope_ids": {},
            "oauth2_post_response_required": false,
            "object_id": "61daac35-6923-4bb5-a2d3-d43a1f966bec",
            "optional_claims": [
              {
                "access_token": [],
                "id_token": [],
                "saml2_token": []
              }
            ],
            "owners": [
              "9c1706eb-db28-4105-b993-f93a83f974b8"
            ],
            "prevent_duplicate_names": false,
            "privacy_statement_url": "",
            "public_client": [
              {
                "redirect_uris": []
              }
            ],
            "publisher_domain": "microsoft.onmicrosoft.com",
            "required_resource_access": [],
            "sign_in_audience": "AzureADMyOrg",
            "single_page_application": [
              {
                "redirect_uris": []
              }
            ],
            "support_url": "",
            "tags": [],
            "template_id": "",
            "terms_of_service_url": "",
            "timeouts": null,
            "web": [
              {
                "homepage_url": "",
                "implicit_grant": [
                  {
                    "access_token_issuance_enabled": false,
                    "id_token_issuance_enabled": false
                  }
                ],
                "logout_url": "",
                "redirect_uris": []
              }
            ]
          },
          "sensitive_attributes": [],
          "private": "eyJlMmJmYjczMC1lY2FhLTExZTYtOGY4OC0zNDM2M2JjN2M0YzAiOnsiY3JlYXRlIjo2MDAwMDAwMDAwMDAsImRlbGV0ZSI6MzAwMDAwMDAwMDAwLCJyZWFkIjozMDAwMDAwMDAwMDAsInVwZGF0ZSI6NjAwMDAwMDAwMDAwfSwic2NoZW1hX3ZlcnNpb24iOiIxIn0=",
          "dependencies": [
            "data.azuread_client_config.current"
          ]
        }
      ]
    },
    {
      "mode": "managed",
      "type": "azuread_service_principal",
      "name": "spn_velero",
      "provider": "provider[\"registry.terraform.io/hashicorp/azuread\"]",
      "instances": [
        {
          "schema_version": 0,
          "attributes": {
            "account_enabled": true,
            "alternative_names": [],
            "app_role_assignment_required": false,
            "app_role_ids": {},
            "app_roles": [],
            "application_id": "6b69a224-d60f-4115-b6f9-a0e12d268582",
            "application_tenant_id": "72f988bf-86f1-41af-91ab-2d7cd011db47",
            "description": "",
            "display_name": "app-velero",
            "feature_tags": [
              {
                "custom_single_sign_on": false,
                "enterprise": false,
                "gallery": false,
                "hide": false
              }
            ],
            "features": [
              {
                "custom_single_sign_on_app": false,
                "enterprise_application": false,
                "gallery_application": false,
                "visible_to_users": true
              }
            ],
            "homepage_url": "",
            "id": "9aa78e49-b2b0-4b1a-9080-60238ad5a1e9",
            "login_url": "",
            "logout_url": "",
            "notes": "",
            "notification_email_addresses": [],
            "oauth2_permission_scope_ids": {},
            "oauth2_permission_scopes": [],
            "object_id": "9aa78e49-b2b0-4b1a-9080-60238ad5a1e9",
            "owners": [
              "9c1706eb-db28-4105-b993-f93a83f974b8"
            ],
            "preferred_single_sign_on_mode": "",
            "redirect_uris": [],
            "saml_metadata_url": "",
            "saml_single_sign_on": [
              {
                "relay_state": ""
              }
            ],
            "service_principal_names": [],
            "sign_in_audience": "AzureADMyOrg",
            "tags": [],
            "timeouts": null,
            "type": "Application",
            "use_existing": null
          },
          "sensitive_attributes": [],
          "private": "eyJlMmJmYjczMC1lY2FhLTExZTYtOGY4OC0zNDM2M2JjN2M0YzAiOnsiY3JlYXRlIjo2MDAwMDAwMDAwMDAsImRlbGV0ZSI6MzAwMDAwMDAwMDAwLCJyZWFkIjozMDAwMDAwMDAwMDAsInVwZGF0ZSI6NjAwMDAwMDAwMDAwfX0=",
          "dependencies": [
            "azuread_application.app_velero",
            "data.azuread_client_config.current"
          ]
        }
      ]
    },
    {
      "mode": "managed",
      "type": "azuread_service_principal_password",
      "name": "spn_velero_password",
      "provider": "provider[\"registry.terraform.io/hashicorp/azuread\"]",
      "instances": [
        {
          "schema_version": 1,
          "attributes": {
            "display_name": null,
            "end_date": "2024-05-31T08:37:48Z",
            "end_date_relative": null,
            "id": "9aa78e49-b2b0-4b1a-9080-60238ad5a1e9/password/62e5d598-6748-4122-b305-2bffcdef33df",
            "key_id": "62e5d598-6748-4122-b305-2bffcdef33df",
            "rotate_when_changed": null,
            "service_principal_id": "9aa78e49-b2b0-4b1a-9080-60238ad5a1e9",
            "start_date": "2022-05-31T08:37:48Z",
            "timeouts": null,
            "value": "aJj8Q~06SYjugME77i5ZTM1m9LB0ywLJgXOuYbKe"
          },
          "sensitive_attributes": [],
          "private": "eyJlMmJmYjczMC1lY2FhLTExZTYtOGY4OC0zNDM2M2JjN2M0YzAiOnsiY3JlYXRlIjozMDAwMDAwMDAwMDAsImRlbGV0ZSI6MzAwMDAwMDAwMDAwLCJyZWFkIjozMDAwMDAwMDAwMDAsInVwZGF0ZSI6MzAwMDAwMDAwMDAwfSwic2NoZW1hX3ZlcnNpb24iOiIxIn0=",
          "dependencies": [
            "azuread_application.app_velero",
            "azuread_service_principal.spn_velero",
            "data.azuread_client_config.current"
          ]
        }
      ]
    },
    {
      "mode": "managed",
      "type": "azurerm_application_gateway",
      "name": "appgw",
      "provider": "provider[\"registry.terraform.io/hashicorp/azurerm\"]",
      "instances": [
        {
          "schema_version": 0,
          "attributes": {
            "authentication_certificate": [],
            "autoscale_configuration": [],
            "backend_address_pool": [
              {
                "fqdns": [],
                "id": "/subscriptions/4b72ed90-7ca3-4e76-8d0f-31a2c0bee7a3/resourceGroups/rg-aks-cluster/providers/Microsoft.Network/applicationGateways/appgw-aks/backendAddressPools/defaultaddresspool",
                "ip_addresses": [],
                "name": "defaultaddresspool"
              }
            ],
            "backend_http_settings": [
              {
                "affinity_cookie_name": "",
                "authentication_certificate": [],
                "connection_draining": [],
                "cookie_based_affinity": "Disabled",
                "host_name": "",
                "id": "/subscriptions/4b72ed90-7ca3-4e76-8d0f-31a2c0bee7a3/resourceGroups/rg-aks-cluster/providers/Microsoft.Network/applicationGateways/appgw-aks/backendHttpSettingsCollection/defaulthttpsetting",
                "name": "defaulthttpsetting",
                "path": "",
                "pick_host_name_from_backend_address": false,
                "port": 80,
                "probe_id": "/subscriptions/4b72ed90-7ca3-4e76-8d0f-31a2c0bee7a3/resourceGroups/rg-aks-cluster/providers/Microsoft.Network/applicationGateways/appgw-aks/probes/defaultprobe-Http",
                "probe_name": "defaultprobe-Http",
                "protocol": "Http",
                "request_timeout": 30,
                "trusted_root_certificate_names": []
              }
            ],
            "custom_error_configuration": [],
            "enable_http2": false,
            "fips_enabled": false,
            "firewall_policy_id": null,
            "force_firewall_policy_association": false,
            "frontend_ip_configuration": [
              {
                "id": "/subscriptions/4b72ed90-7ca3-4e76-8d0f-31a2c0bee7a3/resourceGroups/rg-aks-cluster/providers/Microsoft.Network/applicationGateways/appgw-aks/frontendIPConfigurations/vnet-spoke-aks-feip",
                "name": "vnet-spoke-aks-feip",
                "private_ip_address": "",
                "private_ip_address_allocation": "Dynamic",
                "private_link_configuration_id": "",
                "private_link_configuration_name": "",
                "public_ip_address_id": "/subscriptions/4b72ed90-7ca3-4e76-8d0f-31a2c0bee7a3/resourceGroups/rg-aks-cluster/providers/Microsoft.Network/publicIPAddresses/publicIp-appgw",
                "subnet_id": ""
              }
            ],
            "frontend_port": [
              {
                "id": "/subscriptions/4b72ed90-7ca3-4e76-8d0f-31a2c0bee7a3/resourceGroups/rg-aks-cluster/providers/Microsoft.Network/applicationGateways/appgw-aks/frontendPorts/vnet-spoke-aks-feport",
                "name": "vnet-spoke-aks-feport",
                "port": 80
              }
            ],
            "gateway_ip_configuration": [
              {
                "id": "/subscriptions/4b72ed90-7ca3-4e76-8d0f-31a2c0bee7a3/resourceGroups/rg-aks-cluster/providers/Microsoft.Network/applicationGateways/appgw-aks/gatewayIPConfigurations/appGatewayIpConfig",
                "name": "appGatewayIpConfig",
                "subnet_id": "/subscriptions/4b72ed90-7ca3-4e76-8d0f-31a2c0bee7a3/resourceGroups/rg-aks-cluster/providers/Microsoft.Network/virtualNetworks/vnet-spoke-aks/subnets/subnet-appgw"
              }
            ],
            "http_listener": [
              {
                "custom_error_configuration": [],
                "firewall_policy_id": "",
                "frontend_ip_configuration_id": "/subscriptions/4b72ed90-7ca3-4e76-8d0f-31a2c0bee7a3/resourceGroups/rg-aks-cluster/providers/Microsoft.Network/applicationGateways/appgw-aks/frontendIPConfigurations/vnet-spoke-aks-feip",
                "frontend_ip_configuration_name": "vnet-spoke-aks-feip",
                "frontend_port_id": "/subscriptions/4b72ed90-7ca3-4e76-8d0f-31a2c0bee7a3/resourceGroups/rg-aks-cluster/providers/Microsoft.Network/applicationGateways/appgw-aks/frontendPorts/vnet-spoke-aks-feport",
                "frontend_port_name": "vnet-spoke-aks-feport",
                "host_name": "",
                "host_names": [],
                "id": "/subscriptions/4b72ed90-7ca3-4e76-8d0f-31a2c0bee7a3/resourceGroups/rg-aks-cluster/providers/Microsoft.Network/applicationGateways/appgw-aks/httpListeners/fl-e1903c8aa3446b7b3207aec6d6ecba8a",
                "name": "fl-e1903c8aa3446b7b3207aec6d6ecba8a",
                "protocol": "Http",
                "require_sni": false,
                "ssl_certificate_id": "",
                "ssl_certificate_name": "",
                "ssl_profile_id": "",
                "ssl_profile_name": ""
              }
            ],
            "id": "/subscriptions/4b72ed90-7ca3-4e76-8d0f-31a2c0bee7a3/resourceGroups/rg-aks-cluster/providers/Microsoft.Network/applicationGateways/appgw-aks",
            "identity": [],
            "location": "westeurope",
            "name": "appgw-aks",
            "private_endpoint_connection": [],
            "private_link_configuration": [],
            "probe": [
              {
                "host": "localhost",
                "id": "/subscriptions/4b72ed90-7ca3-4e76-8d0f-31a2c0bee7a3/resourceGroups/rg-aks-cluster/providers/Microsoft.Network/applicationGateways/appgw-aks/probes/defaultprobe-Http",
                "interval": 30,
                "match": [
                  {
                    "body": "",
                    "status_code": []
                  }
                ],
                "minimum_servers": 0,
                "name": "defaultprobe-Http",
                "path": "/",
                "pick_host_name_from_backend_http_settings": false,
                "port": 0,
                "protocol": "Http",
                "timeout": 30,
                "unhealthy_threshold": 3
              },
              {
                "host": "localhost",
                "id": "/subscriptions/4b72ed90-7ca3-4e76-8d0f-31a2c0bee7a3/resourceGroups/rg-aks-cluster/providers/Microsoft.Network/applicationGateways/appgw-aks/probes/defaultprobe-Https",
                "interval": 30,
                "match": [
                  {
                    "body": "",
                    "status_code": []
                  }
                ],
                "minimum_servers": 0,
                "name": "defaultprobe-Https",
                "path": "/",
                "pick_host_name_from_backend_http_settings": false,
                "port": 0,
                "protocol": "Https",
                "timeout": 30,
                "unhealthy_threshold": 3
              }
            ],
            "redirect_configuration": [],
            "request_routing_rule": [
              {
                "backend_address_pool_id": "/subscriptions/4b72ed90-7ca3-4e76-8d0f-31a2c0bee7a3/resourceGroups/rg-aks-cluster/providers/Microsoft.Network/applicationGateways/appgw-aks/backendAddressPools/defaultaddresspool",
                "backend_address_pool_name": "defaultaddresspool",
                "backend_http_settings_id": "/subscriptions/4b72ed90-7ca3-4e76-8d0f-31a2c0bee7a3/resourceGroups/rg-aks-cluster/providers/Microsoft.Network/applicationGateways/appgw-aks/backendHttpSettingsCollection/defaulthttpsetting",
                "backend_http_settings_name": "defaulthttpsetting",
                "http_listener_id": "/subscriptions/4b72ed90-7ca3-4e76-8d0f-31a2c0bee7a3/resourceGroups/rg-aks-cluster/providers/Microsoft.Network/applicationGateways/appgw-aks/httpListeners/fl-e1903c8aa3446b7b3207aec6d6ecba8a",
                "http_listener_name": "fl-e1903c8aa3446b7b3207aec6d6ecba8a",
                "id": "/subscriptions/4b72ed90-7ca3-4e76-8d0f-31a2c0bee7a3/resourceGroups/rg-aks-cluster/providers/Microsoft.Network/applicationGateways/appgw-aks/requestRoutingRules/rr-e1903c8aa3446b7b3207aec6d6ecba8a",
                "name": "rr-e1903c8aa3446b7b3207aec6d6ecba8a",
                "priority": 10010,
                "redirect_configuration_id": "",
                "redirect_configuration_name": "",
                "rewrite_rule_set_id": "",
                "rewrite_rule_set_name": "",
                "rule_type": "Basic",
                "url_path_map_id": "",
                "url_path_map_name": ""
              }
            ],
            "resource_group_name": "rg-aks-cluster",
            "rewrite_rule_set": [],
            "sku": [
              {
                "capacity": 2,
                "name": "Standard_v2",
                "tier": "Standard_v2"
              }
            ],
            "ssl_certificate": [],
            "ssl_policy": [
              {
                "cipher_suites": [],
                "disabled_protocols": [],
                "min_protocol_version": "",
                "policy_name": "AppGwSslPolicy20150501",
                "policy_type": "Predefined"
              }
            ],
            "ssl_profile": [],
            "tags": {
              "environment": "development",
              "managed-by-k8s-ingress": "1.5.1/0a4f032f/2022-04-09-18:05T+0000",
              "source": "terraform"
            },
            "timeouts": null,
            "trusted_client_certificate": [],
            "trusted_root_certificate": [],
            "url_path_map": [],
            "waf_configuration": [],
            "zones": []
          },
          "sensitive_attributes": [],
          "private": "eyJlMmJmYjczMC1lY2FhLTExZTYtOGY4OC0zNDM2M2JjN2M0YzAiOnsiY3JlYXRlIjo1NDAwMDAwMDAwMDAwLCJkZWxldGUiOjU0MDAwMDAwMDAwMDAsInJlYWQiOjMwMDAwMDAwMDAwMCwidXBkYXRlIjo1NDAwMDAwMDAwMDAwfX0=",
          "dependencies": [
            "azurerm_public_ip.pip",
            "azurerm_resource_group.rg",
            "azurerm_subnet.subnetappgw",
            "azurerm_virtual_network.vnet"
          ],
          "create_before_destroy": true
        }
      ]
    },
    {
      "mode": "managed",
      "type": "azurerm_container_registry",
      "name": "acr",
      "provider": "provider[\"registry.terraform.io/hashicorp/azurerm\"]",
      "instances": [
        {
          "schema_version": 2,
          "attributes": {
            "admin_enabled": false,
            "admin_password": "",
            "admin_username": "",
            "anonymous_pull_enabled": false,
            "data_endpoint_enabled": false,
            "encryption": [
              {
                "enabled": false,
                "identity_client_id": "",
                "key_vault_key_id": ""
              }
            ],
            "export_policy_enabled": true,
            "georeplications": [],
            "id": "/subscriptions/4b72ed90-7ca3-4e76-8d0f-31a2c0bee7a3/resourceGroups/rg-aks-cluster/providers/Microsoft.ContainerRegistry/registries/acrforakstf017",
            "identity": [],
            "location": "westeurope",
            "login_server": "acrforakstf017.azurecr.io",
            "name": "acrforakstf017",
            "network_rule_bypass_option": "AzureServices",
            "network_rule_set": [],
            "public_network_access_enabled": true,
            "quarantine_policy_enabled": false,
            "resource_group_name": "rg-aks-cluster",
            "retention_policy": [
              {
                "days": 7,
                "enabled": false
              }
            ],
            "sku": "Standard",
            "tags": {
              "environment": "development",
              "source": "terraform"
            },
            "timeouts": null,
            "trust_policy": [
              {
                "enabled": false
              }
            ],
            "zone_redundancy_enabled": false
          },
          "sensitive_attributes": [],
          "private": "eyJlMmJmYjczMC1lY2FhLTExZTYtOGY4OC0zNDM2M2JjN2M0YzAiOnsiY3JlYXRlIjoxODAwMDAwMDAwMDAwLCJkZWxldGUiOjE4MDAwMDAwMDAwMDAsInJlYWQiOjMwMDAwMDAwMDAwMCwidXBkYXRlIjoxODAwMDAwMDAwMDAwfSwic2NoZW1hX3ZlcnNpb24iOiIyIn0=",
          "dependencies": [
            "azurerm_resource_group.rg"
          ]
        }
      ]
    },
    {
      "mode": "managed",
      "type": "azurerm_key_vault",
      "name": "kv",
      "provider": "provider[\"registry.terraform.io/hashicorp/azurerm\"]",
      "instances": [
        {
          "schema_version": 2,
          "attributes": {
            "access_policy": [],
            "contact": [],
            "enable_rbac_authorization": true,
            "enabled_for_deployment": false,
            "enabled_for_disk_encryption": false,
            "enabled_for_template_deployment": false,
            "id": "/subscriptions/4b72ed90-7ca3-4e76-8d0f-31a2c0bee7a3/resourceGroups/rg-aks-cluster/providers/Microsoft.KeyVault/vaults/kvforaks059",
            "location": "westeurope",
            "name": "kvforaks059",
            "network_acls": [
              {
                "bypass": "AzureServices",
                "default_action": "Allow",
                "ip_rules": [],
                "virtual_network_subnet_ids": []
              }
            ],
            "purge_protection_enabled": false,
            "resource_group_name": "rg-aks-cluster",
            "sku_name": "standard",
            "soft_delete_retention_days": 7,
            "tags": {
              "environment": "development",
              "source": "terraform"
            },
            "tenant_id": "72f988bf-86f1-41af-91ab-2d7cd011db47",
            "timeouts": null,
            "vault_uri": "https://kvforaks059.vault.azure.net/"
          },
          "sensitive_attributes": [],
          "private": "eyJlMmJmYjczMC1lY2FhLTExZTYtOGY4OC0zNDM2M2JjN2M0YzAiOnsiY3JlYXRlIjoxODAwMDAwMDAwMDAwLCJkZWxldGUiOjE4MDAwMDAwMDAwMDAsInJlYWQiOjMwMDAwMDAwMDAwMCwidXBkYXRlIjoxODAwMDAwMDAwMDAwfSwic2NoZW1hX3ZlcnNpb24iOiIyIn0=",
          "dependencies": [
            "azurerm_resource_group.rg",
            "data.azurerm_client_config.current"
          ]
        }
      ]
    },
    {
      "mode": "managed",
      "type": "azurerm_key_vault_secret",
      "name": "secret",
      "provider": "provider[\"registry.terraform.io/hashicorp/azurerm\"]",
      "instances": []
    },
    {
      "mode": "managed",
      "type": "azurerm_kubernetes_cluster",
      "name": "aks",
      "provider": "provider[\"registry.terraform.io/hashicorp/azurerm\"]",
      "instances": [
        {
          "schema_version": 2,
          "attributes": {
            "aci_connector_linux": [],
            "api_server_authorized_ip_ranges": [
              "0.0.0.0/0"
            ],
            "auto_scaler_profile": [
              {
                "balance_similar_node_groups": false,
                "empty_bulk_delete_max": "10",
                "expander": "random",
                "max_graceful_termination_sec": "600",
                "max_node_provisioning_time": "15m",
                "max_unready_nodes": 3,
                "max_unready_percentage": 45,
                "new_pod_scale_up_delay": "0s",
                "scale_down_delay_after_add": "10m",
                "scale_down_delay_after_delete": "10s",
                "scale_down_delay_after_failure": "3m",
                "scale_down_unneeded": "10m",
                "scale_down_unready": "20m",
                "scale_down_utilization_threshold": "0.5",
                "scan_interval": "10s",
                "skip_nodes_with_local_storage": false,
                "skip_nodes_with_system_pods": true
              }
            ],
            "automatic_channel_upgrade": "",
            "azure_active_directory_role_based_access_control": [
              {
                "admin_group_object_ids": [
                  "1eb16a7c-42cc-49e3-8ff0-d179433be6a6"
                ],
                "azure_rbac_enabled": true,
                "client_app_id": "",
                "managed": true,
                "server_app_id": "",
                "server_app_secret": "",
                "tenant_id": "72f988bf-86f1-41af-91ab-2d7cd011db47"
              }
            ],
            "azure_policy_enabled": true,
            "default_node_pool": [
              {
                "enable_auto_scaling": false,
                "enable_host_encryption": false,
                "enable_node_public_ip": false,
                "fips_enabled": false,
                "kubelet_config": [],
                "kubelet_disk_type": "OS",
                "linux_os_config": [],
                "max_count": 0,
                "max_pods": 250,
                "min_count": 0,
                "name": "systempool",
                "node_count": 1,
                "node_labels": {},
                "node_public_ip_prefix_id": "",
                "node_taints": [],
                "only_critical_addons_enabled": true,
                "orchestrator_version": "1.23.5",
                "os_disk_size_gb": 40,
                "os_disk_type": "Managed",
                "os_sku": "Ubuntu",
                "pod_subnet_id": "/subscriptions/4b72ed90-7ca3-4e76-8d0f-31a2c0bee7a3/resourceGroups/rg-aks-cluster/providers/Microsoft.Network/virtualNetworks/vnet-spoke-aks/subnets/subnet-aks-pods",
                "proximity_placement_group_id": "",
                "tags": {
                  "environment": "development",
                  "source": "terraform"
                },
                "type": "VirtualMachineScaleSets",
                "ultra_ssd_enabled": false,
                "upgrade_settings": [],
                "vm_size": "Standard_D2as_v5",
                "vnet_subnet_id": "/subscriptions/4b72ed90-7ca3-4e76-8d0f-31a2c0bee7a3/resourceGroups/rg-aks-cluster/providers/Microsoft.Network/virtualNetworks/vnet-spoke-aks/subnets/subnet-aks-nodes",
                "zones": [
                  "1",
                  "2",
                  "3"
                ]
              }
            ],
            "disk_encryption_set_id": "",
            "dns_prefix": "aks",
            "dns_prefix_private_cluster": "",
            "enable_pod_security_policy": false,
            "fqdn": "aks-195f7bdc.hcp.westeurope.azmk8s.io",
            "http_application_routing_enabled": false,
            "http_application_routing_zone_name": "",
            "http_proxy_config": [],
            "id": "/subscriptions/4b72ed90-7ca3-4e76-8d0f-31a2c0bee7a3/resourceGroups/rg-aks-cluster/providers/Microsoft.ContainerService/managedClusters/aks-cluster",
            "identity": [
              {
                "identity_ids": [
                  "/subscriptions/4b72ed90-7ca3-4e76-8d0f-31a2c0bee7a3/resourceGroups/rg-aks-cluster/providers/Microsoft.ManagedIdentity/userAssignedIdentities/identity-aks"
                ],
                "principal_id": "",
                "tenant_id": "",
                "type": "UserAssigned"
              }
            ],
            "ingress_application_gateway": [
              {
                "effective_gateway_id": "/subscriptions/4b72ed90-7ca3-4e76-8d0f-31a2c0bee7a3/resourceGroups/rg-aks-cluster/providers/Microsoft.Network/applicationGateways/appgw-aks",
                "gateway_id": "/subscriptions/4b72ed90-7ca3-4e76-8d0f-31a2c0bee7a3/resourceGroups/rg-aks-cluster/providers/Microsoft.Network/applicationGateways/appgw-aks",
                "gateway_name": "",
                "ingress_application_gateway_identity": [
                  {
                    "client_id": "1dc8567b-1767-4ba4-b0c9-c7edb9c8c481",
                    "object_id": "d6d40202-963d-4e74-9eb2-3a03871cd9c8",
                    "user_assigned_identity_id": "/subscriptions/4b72ed90-7ca3-4e76-8d0f-31a2c0bee7a3/resourcegroups/rg-aks-cluster-managed/providers/Microsoft.ManagedIdentity/userAssignedIdentities/ingressapplicationgateway-aks-cluster"
                  }
                ],
                "subnet_cidr": "",
                "subnet_id": ""
              }
            ],
            "key_vault_secrets_provider": [
              {
                "secret_identity": [
                  {
                    "client_id": "5906ffbc-b3e2-4a55-9e7d-506fafcd591f",
                    "object_id": "34d801e1-1119-4120-89cd-e56ec3463208",
                    "user_assigned_identity_id": "/subscriptions/4b72ed90-7ca3-4e76-8d0f-31a2c0bee7a3/resourcegroups/rg-aks-cluster-managed/providers/Microsoft.ManagedIdentity/userAssignedIdentities/azurekeyvaultsecretsprovider-aks-cluster"
                  }
                ],
                "secret_rotation_enabled": true,
                "secret_rotation_interval": "2m"
              }
            ],
            "kube_admin_config": [],
            "kube_admin_config_raw": "",
            "kube_config": [
              {
                "client_certificate": "",
                "client_key": "",
                "cluster_ca_certificate": "LS0tLS1CRUdJTiBDRVJUSUZJQ0FURS0tLS0tCk1JSUU2VENDQXRHZ0F3SUJBZ0lSQU54ZVY2TzVKVCtnUWN1eHg5Q0xaMFV3RFFZSktvWklodmNOQVFFTEJRQXcKRFRFTE1Ba0dBMVVFQXhNQ1kyRXdJQmNOTWpJd05UTXhNRGd6TWpNM1doZ1BNakExTWpBMU16RXdPRFF5TXpkYQpNQTB4Q3pBSkJnTlZCQU1UQW1OaE1JSUNJakFOQmdrcWhraUc5dzBCQVFFRkFBT0NBZzhBTUlJQ0NnS0NBZ0VBCjQ5d0Q2emVLMUMrbzdjdVRtVXNXdmxscWVGb3E5dllFczJpZVlCUFF6RFpud3NFQmY2QlJ2ZTJDck5ycTVDUnAKWGRxQkNtaVlGUlMxRk5MRWpXaUMvLzBQQnBlT0JnWnpmSFE3SW02RzhNNjBzMS9LOHVsa1ZHYU1QMStxVndMTgo5REZMaGNiVUxvQ1JzbEFsUFI3OHh4TDQvRHFXdng1WXdqTit5UWdSVnZsUWZObDZrd3pTTmM0VS93LzJKV0luCmRqeDZzMHVmU2gyUy80K2xadzlEdjM3bTNwdEhCMjlNbzRIam9GemdTR3lTV3JCMjd6MGI4Vkdma290MHZtWGgKYjlPandjb09xaU1hbFRSdmhOMmtnRUV5WjVYWG5SWkZ0eUJZWFVYQmE4RE5jdEE2cEd0ZjBYYzNqdzh4WWhkQgpRQUx2dkt1c1M1eGN4cHM3YTh2QkxFZWxHdnl4elhwdDRrN0NkRmVsRHVFOEMxOFV1N2NrUlNsb0ZKQ3JUQnI2CkZXaGJ1ekg3NlpGK3pvRUxrVVhTZU5Ydk1HWmNZYW9EbFluM2JVQTZkaE1vMjFCRDJtUUdwQ2Vya0dCVVpkanIKWkNLTzZtUUpGWS9tRkZmRVZDSSt2bjFJZnBxMzJVbjcxVmU2ZXAwclVYdDFndVAxQ2k2WnhJQ0VWQWxnOUZvRQpmbHhtbmY5eXozNGxFOWMxV1BtQ0tkY200aEtNeXg4UTZndzh3NUhLTVhpd2tJbFRqM2dRa1praUVMZHdFOFcrCjhtR0ZycFphVlhhY0ROZGM5U2wvUGJRQzhEL3pRdnc1QXVJR2lNUERyV2pSc1djUWJXMlluOGx4ZVpTQ0d0L04KVU5IalZmbk1RL3BXSFNMdXVucnErUUNaVEl2czJEOExrSUZPemY0Y3o2Y0NBd0VBQWFOQ01FQXdEZ1lEVlIwUApBUUgvQkFRREFnS2tNQThHQTFVZEV3RUIvd1FGTUFNQkFmOHdIUVlEVlIwT0JCWUVGS0JxWHBxSk8zOW9jTHhDCmg5cDJvRDhxY3pUQU1BMEdDU3FHU0liM0RRRUJDd1VBQTRJQ0FRQmxnUzBzMFhxbk11UkJMNFRFdEFuMDVFZE8KVzJaWFk4N3FOTDVKYXRsZlFFTjlrVGd2b2pIdlVCd3FhdmI5TUxzMzd3a21FL2x1RlVaRTc1ZksxcUZ2OHIrSAppU0oxNDRrUUpmOHhTYjYwZmVIOVZBK3ZLaFhFOXlRQk1IYzFtMmJDV0pqRnhRVCtSNXZEYmdTRFZJa015ZEpiCjBYZG45Qkg0Wmh1bHQ4djB0U2RLS3NPa21CNFA1eU1UNktRaytTbFdQZXdQSndnN2NrSFF5aW4yTFpDbkJiRnUKbE1iWFQ3czVwTHFFV1RPcmRmakRzbU9qTGw1dmxJdTBDUGdaMndlSDZIYXQ0RmRkdnJFalpoakU0My9RWXJlVgpDUkxxSGIvVWNCeUxZQy9wSG8rQlpKUHlyTUQ5QmV4Mk1pYktpNnFPRWxuRk45Q1FLWjRtUFo0WTJjQ0x2Ni9NCmJrNGRObWpjMkpVR2lFTm1MaTFZRFFYeHBrM3diR2JIcmtyQ2VRRkFNWlgyVHM5b2lEMC9UL3c1WWp6WGVHdkIKaHhvZkU1MDFvR1d4Y1lONmVkbTRCaWFUdlRYTnV1NjdTVVcxVnkxdjlBeFJjVm8yRHBWREdqVi9XRFNTK2JLZgpuQ2dTNzh5Tm8zcjRvM201dEJkMitwVzNtNjk5d04yblA5dWZVUTJWQVorcFZ0Zm1OOEpRdjd1eDJvWTVGSGM0CmdCd0dmUnJxMDlsYzZVVW14cXNlcXZnS3gxSTdJUWFNTi8xbXpONjU5by9hbWcvOC9KSDAzYlV5YVd2ZWx6UmcKc2R6OU0vRUVhdFJ2SFhVOUVIbGtJYmZ3YnNHRzdjWG9WRTROVkFaSXlJc0U5ZkswYWxTemcwZWpoYlhjNzA5cwpKSXYrWFltZVRja1pDamtneWc9PQotLS0tLUVORCBDRVJUSUZJQ0FURS0tLS0tCg==",
                "host": "https://aks-195f7bdc.hcp.westeurope.azmk8s.io:443",
                "password": "",
                "username": "clusterUser_rg-aks-cluster_aks-cluster"
              }
            ],
            "kube_config_raw": "apiVersion: v1\nclusters:\n- cluster:\n    certificate-authority-data: LS0tLS1CRUdJTiBDRVJUSUZJQ0FURS0tLS0tCk1JSUU2VENDQXRHZ0F3SUJBZ0lSQU54ZVY2TzVKVCtnUWN1eHg5Q0xaMFV3RFFZSktvWklodmNOQVFFTEJRQXcKRFRFTE1Ba0dBMVVFQXhNQ1kyRXdJQmNOTWpJd05UTXhNRGd6TWpNM1doZ1BNakExTWpBMU16RXdPRFF5TXpkYQpNQTB4Q3pBSkJnTlZCQU1UQW1OaE1JSUNJakFOQmdrcWhraUc5dzBCQVFFRkFBT0NBZzhBTUlJQ0NnS0NBZ0VBCjQ5d0Q2emVLMUMrbzdjdVRtVXNXdmxscWVGb3E5dllFczJpZVlCUFF6RFpud3NFQmY2QlJ2ZTJDck5ycTVDUnAKWGRxQkNtaVlGUlMxRk5MRWpXaUMvLzBQQnBlT0JnWnpmSFE3SW02RzhNNjBzMS9LOHVsa1ZHYU1QMStxVndMTgo5REZMaGNiVUxvQ1JzbEFsUFI3OHh4TDQvRHFXdng1WXdqTit5UWdSVnZsUWZObDZrd3pTTmM0VS93LzJKV0luCmRqeDZzMHVmU2gyUy80K2xadzlEdjM3bTNwdEhCMjlNbzRIam9GemdTR3lTV3JCMjd6MGI4Vkdma290MHZtWGgKYjlPandjb09xaU1hbFRSdmhOMmtnRUV5WjVYWG5SWkZ0eUJZWFVYQmE4RE5jdEE2cEd0ZjBYYzNqdzh4WWhkQgpRQUx2dkt1c1M1eGN4cHM3YTh2QkxFZWxHdnl4elhwdDRrN0NkRmVsRHVFOEMxOFV1N2NrUlNsb0ZKQ3JUQnI2CkZXaGJ1ekg3NlpGK3pvRUxrVVhTZU5Ydk1HWmNZYW9EbFluM2JVQTZkaE1vMjFCRDJtUUdwQ2Vya0dCVVpkanIKWkNLTzZtUUpGWS9tRkZmRVZDSSt2bjFJZnBxMzJVbjcxVmU2ZXAwclVYdDFndVAxQ2k2WnhJQ0VWQWxnOUZvRQpmbHhtbmY5eXozNGxFOWMxV1BtQ0tkY200aEtNeXg4UTZndzh3NUhLTVhpd2tJbFRqM2dRa1praUVMZHdFOFcrCjhtR0ZycFphVlhhY0ROZGM5U2wvUGJRQzhEL3pRdnc1QXVJR2lNUERyV2pSc1djUWJXMlluOGx4ZVpTQ0d0L04KVU5IalZmbk1RL3BXSFNMdXVucnErUUNaVEl2czJEOExrSUZPemY0Y3o2Y0NBd0VBQWFOQ01FQXdEZ1lEVlIwUApBUUgvQkFRREFnS2tNQThHQTFVZEV3RUIvd1FGTUFNQkFmOHdIUVlEVlIwT0JCWUVGS0JxWHBxSk8zOW9jTHhDCmg5cDJvRDhxY3pUQU1BMEdDU3FHU0liM0RRRUJDd1VBQTRJQ0FRQmxnUzBzMFhxbk11UkJMNFRFdEFuMDVFZE8KVzJaWFk4N3FOTDVKYXRsZlFFTjlrVGd2b2pIdlVCd3FhdmI5TUxzMzd3a21FL2x1RlVaRTc1ZksxcUZ2OHIrSAppU0oxNDRrUUpmOHhTYjYwZmVIOVZBK3ZLaFhFOXlRQk1IYzFtMmJDV0pqRnhRVCtSNXZEYmdTRFZJa015ZEpiCjBYZG45Qkg0Wmh1bHQ4djB0U2RLS3NPa21CNFA1eU1UNktRaytTbFdQZXdQSndnN2NrSFF5aW4yTFpDbkJiRnUKbE1iWFQ3czVwTHFFV1RPcmRmakRzbU9qTGw1dmxJdTBDUGdaMndlSDZIYXQ0RmRkdnJFalpoakU0My9RWXJlVgpDUkxxSGIvVWNCeUxZQy9wSG8rQlpKUHlyTUQ5QmV4Mk1pYktpNnFPRWxuRk45Q1FLWjRtUFo0WTJjQ0x2Ni9NCmJrNGRObWpjMkpVR2lFTm1MaTFZRFFYeHBrM3diR2JIcmtyQ2VRRkFNWlgyVHM5b2lEMC9UL3c1WWp6WGVHdkIKaHhvZkU1MDFvR1d4Y1lONmVkbTRCaWFUdlRYTnV1NjdTVVcxVnkxdjlBeFJjVm8yRHBWREdqVi9XRFNTK2JLZgpuQ2dTNzh5Tm8zcjRvM201dEJkMitwVzNtNjk5d04yblA5dWZVUTJWQVorcFZ0Zm1OOEpRdjd1eDJvWTVGSGM0CmdCd0dmUnJxMDlsYzZVVW14cXNlcXZnS3gxSTdJUWFNTi8xbXpONjU5by9hbWcvOC9KSDAzYlV5YVd2ZWx6UmcKc2R6OU0vRUVhdFJ2SFhVOUVIbGtJYmZ3YnNHRzdjWG9WRTROVkFaSXlJc0U5ZkswYWxTemcwZWpoYlhjNzA5cwpKSXYrWFltZVRja1pDamtneWc9PQotLS0tLUVORCBDRVJUSUZJQ0FURS0tLS0tCg==\n    server: https://aks-195f7bdc.hcp.westeurope.azmk8s.io:443\n  name: aks-cluster\ncontexts:\n- context:\n    cluster: aks-cluster\n    user: clusterUser_rg-aks-cluster_aks-cluster\n  name: aks-cluster\ncurrent-context: aks-cluster\nkind: Config\npreferences: {}\nusers:\n- name: clusterUser_rg-aks-cluster_aks-cluster\n  user:\n    auth-provider:\n      config:\n        apiserver-id: 6dae42f8-4368-4678-94ff-3960e28e3630\n        client-id: 80faf920-1908-4b52-b5ef-a8e7bedfc67a\n        config-mode: \"1\"\n        environment: AzurePublicCloud\n        tenant-id: 72f988bf-86f1-41af-91ab-2d7cd011db47\n      name: azure\n",
            "kubelet_identity": [
              {
                "client_id": "c97c896b-84a5-4cd3-909b-27070a801432",
                "object_id": "046d4692-ce48-42ca-bbbe-4f0c87ff995c",
                "user_assigned_identity_id": "/subscriptions/4b72ed90-7ca3-4e76-8d0f-31a2c0bee7a3/resourceGroups/rg-aks-cluster/providers/Microsoft.ManagedIdentity/userAssignedIdentities/aks-cluster-agentpool"
              }
            ],
            "kubernetes_version": "1.23.5",
            "linux_profile": [
              {
                "admin_username": "vmuser1",
                "ssh_key": [
                  {
                    "key_data": "ssh-rsa AAAAB3NzaC1yc2EAAAADAQABAAABAQClYpPcgxmq6/Dhe0oBvij3ta5P3roV1EFTSj0F/DuPC9NqW6IoMhDjVlXiNeGNQx5D2MfO5rgA0jiCCkrw8lwZv2+qqIKol6aDrYDLssqitkbK7yOMpCW1+IXBBpT6hkytJZ79He035QWEFfLFyHaWI1/Ti30We8kIk+y8AzJhAl0EOg70HVDF+tahLEhUUCEpIhGwW5nG7XLsh27TZS5244PWqfYAGarpZy3oa72kyRejsHErIWEfARXJhx0Ce2JnJe/G8vpwhExGeU+lbp9nch9JmZpapjdtgNgSm30oxYsQlw9A4yZU72exuOJn6FZa2cbRlcu++JK05fw5Gxph"
                  }
                ]
              }
            ],
            "local_account_disabled": true,
            "location": "westeurope",
            "maintenance_window": [
              {
                "allowed": [
                  {
                    "day": "Saturday",
                    "hours": [
                      2,
                      8
                    ]
                  }
                ],
                "not_allowed": []
              }
            ],
            "microsoft_defender": [],
            "name": "aks-cluster",
            "network_profile": [
              {
                "dns_service_ip": "10.0.0.10",
                "docker_bridge_cidr": "172.17.0.1/16",
                "ip_versions": [
                  "IPv4"
                ],
                "load_balancer_profile": [
                  {
                    "effective_outbound_ips": [
                      "/subscriptions/4b72ed90-7ca3-4e76-8d0f-31a2c0bee7a3/resourceGroups/rg-aks-cluster-managed/providers/Microsoft.Network/publicIPAddresses/ff917ca6-9566-46b2-9c62-132bfc8e09d4"
                    ],
                    "idle_timeout_in_minutes": 0,
                    "managed_outbound_ip_count": 1,
                    "outbound_ip_address_ids": [],
                    "outbound_ip_prefix_ids": [],
                    "outbound_ports_allocated": 0
                  }
                ],
                "load_balancer_sku": "standard",
                "nat_gateway_profile": [],
                "network_mode": "",
                "network_plugin": "azure",
                "network_policy": "calico",
                "outbound_type": "loadBalancer",
                "pod_cidr": "",
                "service_cidr": "10.0.0.0/16"
              }
            ],
            "node_resource_group": "rg-aks-cluster-managed",
            "oidc_issuer_enabled": true,
            "oidc_issuer_url": "https://oidc.prod-aks.azure.com/e717b831-b9cc-4436-a646-258c56fce017/",
            "oms_agent": [],
            "open_service_mesh_enabled": true,
            "portal_fqdn": "aks-195f7bdc.portal.hcp.westeurope.azmk8s.io",
            "private_cluster_enabled": false,
            "private_cluster_public_fqdn_enabled": false,
            "private_dns_zone_id": "",
            "private_fqdn": "",
            "public_network_access_enabled": true,
            "resource_group_name": "rg-aks-cluster",
            "role_based_access_control_enabled": true,
            "run_command_enabled": true,
            "service_principal": [],
            "sku_tier": "Free",
            "tags": {
              "environment": "development",
              "source": "terraform"
            },
            "timeouts": null,
            "windows_profile": [
              {
                "admin_password": "",
                "admin_username": "azureuser",
                "license": ""
              }
            ]
          },
          "sensitive_attributes": [],
          "private": "eyJlMmJmYjczMC1lY2FhLTExZTYtOGY4OC0zNDM2M2JjN2M0YzAiOnsiY3JlYXRlIjo1NDAwMDAwMDAwMDAwLCJkZWxldGUiOjU0MDAwMDAwMDAwMDAsInJlYWQiOjMwMDAwMDAwMDAwMCwidXBkYXRlIjo1NDAwMDAwMDAwMDAwfSwic2NoZW1hX3ZlcnNpb24iOiIyIn0=",
          "dependencies": [
            "azurerm_application_gateway.appgw",
            "azurerm_public_ip.pip",
            "azurerm_resource_group.rg",
            "azurerm_subnet.subnetappgw",
            "azurerm_subnet.subnetnodes",
            "azurerm_subnet.subnetpods",
            "azurerm_user_assigned_identity.identity-aks",
            "azurerm_user_assigned_identity.identity-kubelet",
            "azurerm_virtual_network.vnet"
          ],
          "create_before_destroy": true
        }
      ]
    },
    {
      "mode": "managed",
      "type": "azurerm_kubernetes_cluster_node_pool",
      "name": "appspool",
      "provider": "provider[\"registry.terraform.io/hashicorp/azurerm\"]",
      "instances": [
        {
          "schema_version": 1,
          "attributes": {
            "enable_auto_scaling": true,
            "enable_host_encryption": false,
            "enable_node_public_ip": false,
            "eviction_policy": "",
            "fips_enabled": false,
            "id": "/subscriptions/4b72ed90-7ca3-4e76-8d0f-31a2c0bee7a3/resourceGroups/rg-aks-cluster/providers/Microsoft.ContainerService/managedClusters/aks-cluster/agentPools/appspool",
            "kubelet_config": [],
            "kubelet_disk_type": "OS",
            "kubernetes_cluster_id": "/subscriptions/4b72ed90-7ca3-4e76-8d0f-31a2c0bee7a3/resourceGroups/rg-aks-cluster/providers/Microsoft.ContainerService/managedClusters/aks-cluster",
            "linux_os_config": [],
            "max_count": 2,
            "max_pods": 110,
            "min_count": 1,
            "mode": "User",
            "name": "appspool",
            "node_count": 1,
            "node_labels": {},
            "node_public_ip_prefix_id": "",
            "node_taints": [],
            "orchestrator_version": "1.23.5",
            "os_disk_size_gb": 60,
            "os_disk_type": "Managed",
            "os_sku": "Ubuntu",
            "os_type": "Linux",
            "pod_subnet_id": "/subscriptions/4b72ed90-7ca3-4e76-8d0f-31a2c0bee7a3/resourceGroups/rg-aks-cluster/providers/Microsoft.Network/virtualNetworks/vnet-spoke-aks/subnets/subnet-aks-pods",
            "priority": "Regular",
            "proximity_placement_group_id": "",
            "scale_down_mode": "Delete",
            "spot_max_price": -1,
            "tags": {
              "environment": "development",
              "source": "terraform"
            },
            "timeouts": null,
            "ultra_ssd_enabled": false,
            "upgrade_settings": [
              {
                "max_surge": "1"
              }
            ],
            "vm_size": "Standard_D2as_v5",
            "vnet_subnet_id": "/subscriptions/4b72ed90-7ca3-4e76-8d0f-31a2c0bee7a3/resourceGroups/rg-aks-cluster/providers/Microsoft.Network/virtualNetworks/vnet-spoke-aks/subnets/subnet-aks-nodes",
            "workload_runtime": "",
            "zones": [
              "1",
              "2",
              "3"
            ]
          },
          "sensitive_attributes": [],
          "private": "eyJlMmJmYjczMC1lY2FhLTExZTYtOGY4OC0zNDM2M2JjN2M0YzAiOnsiY3JlYXRlIjozNjAwMDAwMDAwMDAwLCJkZWxldGUiOjM2MDAwMDAwMDAwMDAsInJlYWQiOjMwMDAwMDAwMDAwMCwidXBkYXRlIjozNjAwMDAwMDAwMDAwfSwic2NoZW1hX3ZlcnNpb24iOiIxIn0=",
          "dependencies": [
            "azurerm_application_gateway.appgw",
            "azurerm_kubernetes_cluster.aks",
            "azurerm_public_ip.pip",
            "azurerm_resource_group.rg",
            "azurerm_subnet.subnetappgw",
            "azurerm_subnet.subnetnodes",
            "azurerm_subnet.subnetpods",
            "azurerm_user_assigned_identity.identity-aks",
            "azurerm_user_assigned_identity.identity-kubelet",
            "azurerm_virtual_network.vnet"
          ]
        }
      ]
    },
    {
      "mode": "managed",
      "type": "azurerm_public_ip",
      "name": "pip",
      "provider": "provider[\"registry.terraform.io/hashicorp/azurerm\"]",
      "instances": [
        {
          "schema_version": 0,
          "attributes": {
            "allocation_method": "Static",
            "domain_name_label": null,
            "edge_zone": "",
            "fqdn": null,
            "id": "/subscriptions/4b72ed90-7ca3-4e76-8d0f-31a2c0bee7a3/resourceGroups/rg-aks-cluster/providers/Microsoft.Network/publicIPAddresses/publicIp-appgw",
            "idle_timeout_in_minutes": 4,
            "ip_address": "20.101.117.20",
            "ip_tags": {},
            "ip_version": "IPv4",
            "location": "westeurope",
            "name": "publicIp-appgw",
            "public_ip_prefix_id": null,
            "resource_group_name": "rg-aks-cluster",
            "reverse_fqdn": null,
            "sku": "Standard",
            "sku_tier": "Regional",
            "tags": {
              "environment": "development",
              "source": "terraform"
            },
            "timeouts": null,
            "zones": []
          },
          "sensitive_attributes": [],
          "private": "eyJlMmJmYjczMC1lY2FhLTExZTYtOGY4OC0zNDM2M2JjN2M0YzAiOnsiY3JlYXRlIjoxODAwMDAwMDAwMDAwLCJkZWxldGUiOjE4MDAwMDAwMDAwMDAsInJlYWQiOjMwMDAwMDAwMDAwMCwidXBkYXRlIjoxODAwMDAwMDAwMDAwfX0=",
          "dependencies": [
            "azurerm_resource_group.rg"
          ],
          "create_before_destroy": true
        }
      ]
    },
    {
      "mode": "managed",
      "type": "azurerm_resource_group",
      "name": "rg",
      "provider": "provider[\"registry.terraform.io/hashicorp/azurerm\"]",
      "instances": [
        {
          "schema_version": 0,
          "attributes": {
            "id": "/subscriptions/4b72ed90-7ca3-4e76-8d0f-31a2c0bee7a3/resourceGroups/rg-aks-cluster",
            "location": "westeurope",
            "name": "rg-aks-cluster",
            "tags": {},
            "timeouts": null
          },
          "sensitive_attributes": [],
          "private": "eyJlMmJmYjczMC1lY2FhLTExZTYtOGY4OC0zNDM2M2JjN2M0YzAiOnsiY3JlYXRlIjo1NDAwMDAwMDAwMDAwLCJkZWxldGUiOjU0MDAwMDAwMDAwMDAsInJlYWQiOjMwMDAwMDAwMDAwMCwidXBkYXRlIjo1NDAwMDAwMDAwMDAwfX0=",
          "create_before_destroy": true
        }
      ]
    },
    {
      "mode": "managed",
      "type": "azurerm_resource_group",
      "name": "rg_aks_backups",
      "provider": "provider[\"registry.terraform.io/hashicorp/azurerm\"]",
      "instances": [
        {
          "schema_version": 0,
          "attributes": {
            "id": "/subscriptions/4b72ed90-7ca3-4e76-8d0f-31a2c0bee7a3/resourceGroups/backups-aks",
            "location": "northeurope",
            "name": "backups-aks",
            "tags": {
              "environment": "development",
              "source": "terraform"
            },
            "timeouts": null
          },
          "sensitive_attributes": [],
          "private": "eyJlMmJmYjczMC1lY2FhLTExZTYtOGY4OC0zNDM2M2JjN2M0YzAiOnsiY3JlYXRlIjo1NDAwMDAwMDAwMDAwLCJkZWxldGUiOjU0MDAwMDAwMDAwMDAsInJlYWQiOjMwMDAwMDAwMDAwMCwidXBkYXRlIjo1NDAwMDAwMDAwMDAwfX0="
        }
      ]
    },
    {
      "mode": "managed",
      "type": "azurerm_role_assignment",
      "name": "aks_mi_contributor_aks_rg",
      "provider": "provider[\"registry.terraform.io/hashicorp/azurerm\"]",
      "instances": [
        {
          "schema_version": 0,
          "attributes": {
            "condition": "",
            "condition_version": "",
            "delegated_managed_identity_resource_id": "",
            "description": "",
            "id": "/subscriptions/4b72ed90-7ca3-4e76-8d0f-31a2c0bee7a3/resourceGroups/rg-aks-cluster/providers/Microsoft.Authorization/roleAssignments/0336d07e-1e6f-a881-7b17-59c89d3accd6",
            "name": "0336d07e-1e6f-a881-7b17-59c89d3accd6",
            "principal_id": "9e49f5a9-616a-4427-8411-4de397f9472e",
            "principal_type": "ServicePrincipal",
            "role_definition_id": "/subscriptions/4b72ed90-7ca3-4e76-8d0f-31a2c0bee7a3/providers/Microsoft.Authorization/roleDefinitions/b24988ac-6180-42a0-ab88-20f7382dd24c",
            "role_definition_name": "Contributor",
            "scope": "/subscriptions/4b72ed90-7ca3-4e76-8d0f-31a2c0bee7a3/resourceGroups/rg-aks-cluster",
            "skip_service_principal_aad_check": true,
            "timeouts": null
          },
          "sensitive_attributes": [],
          "private": "eyJlMmJmYjczMC1lY2FhLTExZTYtOGY4OC0zNDM2M2JjN2M0YzAiOnsiY3JlYXRlIjoxODAwMDAwMDAwMDAwLCJkZWxldGUiOjE4MDAwMDAwMDAwMDAsInJlYWQiOjMwMDAwMDAwMDAwMCwidXBkYXRlIjoxODAwMDAwMDAwMDAwfX0=",
          "dependencies": [
            "azurerm_resource_group.rg",
            "azurerm_user_assigned_identity.identity-aks"
          ]
        }
      ]
    },
    {
      "mode": "managed",
      "type": "azurerm_role_assignment",
      "name": "aks_mi_network_contributor",
      "provider": "provider[\"registry.terraform.io/hashicorp/azurerm\"]",
      "instances": [
        {
          "schema_version": 0,
          "attributes": {
            "condition": "",
            "condition_version": "",
            "delegated_managed_identity_resource_id": "",
            "description": "",
            "id": "/subscriptions/4b72ed90-7ca3-4e76-8d0f-31a2c0bee7a3/resourceGroups/rg-aks-cluster/providers/Microsoft.Network/virtualNetworks/vnet-spoke-aks/providers/Microsoft.Authorization/roleAssignments/7db92b61-9e69-edf1-c97d-10e76e7f3b20",
            "name": "7db92b61-9e69-edf1-c97d-10e76e7f3b20",
            "principal_id": "9e49f5a9-616a-4427-8411-4de397f9472e",
            "principal_type": "ServicePrincipal",
            "role_definition_id": "/subscriptions/4b72ed90-7ca3-4e76-8d0f-31a2c0bee7a3/providers/Microsoft.Authorization/roleDefinitions/4d97b98b-1d4f-4787-a291-c67834d212e7",
            "role_definition_name": "Network Contributor",
            "scope": "/subscriptions/4b72ed90-7ca3-4e76-8d0f-31a2c0bee7a3/resourceGroups/rg-aks-cluster/providers/Microsoft.Network/virtualNetworks/vnet-spoke-aks",
            "skip_service_principal_aad_check": true,
            "timeouts": null
          },
          "sensitive_attributes": [],
          "private": "eyJlMmJmYjczMC1lY2FhLTExZTYtOGY4OC0zNDM2M2JjN2M0YzAiOnsiY3JlYXRlIjoxODAwMDAwMDAwMDAwLCJkZWxldGUiOjE4MDAwMDAwMDAwMDAsInJlYWQiOjMwMDAwMDAwMDAwMCwidXBkYXRlIjoxODAwMDAwMDAwMDAwfX0=",
          "dependencies": [
            "azurerm_resource_group.rg",
            "azurerm_user_assigned_identity.identity-aks",
            "azurerm_virtual_network.vnet"
          ]
        }
      ]
    },
    {
      "mode": "managed",
      "type": "azurerm_role_assignment",
      "name": "aks_mi_operator",
      "provider": "provider[\"registry.terraform.io/hashicorp/azurerm\"]",
      "instances": [
        {
          "schema_version": 0,
          "attributes": {
            "condition": "",
            "condition_version": "",
            "delegated_managed_identity_resource_id": "",
            "description": "",
            "id": "/subscriptions/4b72ed90-7ca3-4e76-8d0f-31a2c0bee7a3/resourceGroups/rg-aks-cluster/providers/Microsoft.ManagedIdentity/userAssignedIdentities/aks-cluster-agentpool/providers/Microsoft.Authorization/roleAssignments/76bf5f2f-7025-c886-9d1c-fe4ebb9671b5",
            "name": "76bf5f2f-7025-c886-9d1c-fe4ebb9671b5",
            "principal_id": "9e49f5a9-616a-4427-8411-4de397f9472e",
            "principal_type": "ServicePrincipal",
            "role_definition_id": "/subscriptions/4b72ed90-7ca3-4e76-8d0f-31a2c0bee7a3/providers/Microsoft.Authorization/roleDefinitions/f1a07417-d97a-45cb-824c-7a7467783830",
            "role_definition_name": "Managed Identity Operator",
            "scope": "/subscriptions/4b72ed90-7ca3-4e76-8d0f-31a2c0bee7a3/resourceGroups/rg-aks-cluster/providers/Microsoft.ManagedIdentity/userAssignedIdentities/aks-cluster-agentpool",
            "skip_service_principal_aad_check": true,
            "timeouts": null
          },
          "sensitive_attributes": [],
          "private": "eyJlMmJmYjczMC1lY2FhLTExZTYtOGY4OC0zNDM2M2JjN2M0YzAiOnsiY3JlYXRlIjoxODAwMDAwMDAwMDAwLCJkZWxldGUiOjE4MDAwMDAwMDAwMDAsInJlYWQiOjMwMDAwMDAwMDAwMCwidXBkYXRlIjoxODAwMDAwMDAwMDAwfX0=",
          "dependencies": [
            "azurerm_resource_group.rg",
            "azurerm_user_assigned_identity.identity-aks",
            "azurerm_user_assigned_identity.identity-kubelet"
          ]
        }
      ]
    },
    {
      "mode": "managed",
      "type": "azurerm_role_assignment",
      "name": "role-contributor",
      "provider": "provider[\"registry.terraform.io/hashicorp/azurerm\"]",
      "instances": [
        {
          "schema_version": 0,
          "attributes": {
            "condition": "",
            "condition_version": "",
            "delegated_managed_identity_resource_id": "",
            "description": "",
            "id": "/subscriptions/4b72ed90-7ca3-4e76-8d0f-31a2c0bee7a3/resourceGroups/rg-aks-cluster/providers/Microsoft.Authorization/roleAssignments/a0ddf716-143c-97b4-3b9b-c0f1dc6d2247",
            "name": "a0ddf716-143c-97b4-3b9b-c0f1dc6d2247",
            "principal_id": "d6d40202-963d-4e74-9eb2-3a03871cd9c8",
            "principal_type": "ServicePrincipal",
            "role_definition_id": "/subscriptions/4b72ed90-7ca3-4e76-8d0f-31a2c0bee7a3/providers/Microsoft.Authorization/roleDefinitions/b24988ac-6180-42a0-ab88-20f7382dd24c",
            "role_definition_name": "Contributor",
            "scope": "/subscriptions/4b72ed90-7ca3-4e76-8d0f-31a2c0bee7a3/resourceGroups/rg-aks-cluster",
            "skip_service_principal_aad_check": null,
            "timeouts": null
          },
          "sensitive_attributes": [],
          "private": "eyJlMmJmYjczMC1lY2FhLTExZTYtOGY4OC0zNDM2M2JjN2M0YzAiOnsiY3JlYXRlIjoxODAwMDAwMDAwMDAwLCJkZWxldGUiOjE4MDAwMDAwMDAwMDAsInJlYWQiOjMwMDAwMDAwMDAwMCwidXBkYXRlIjoxODAwMDAwMDAwMDAwfX0=",
          "dependencies": [
            "azurerm_application_gateway.appgw",
            "azurerm_kubernetes_cluster.aks",
            "azurerm_public_ip.pip",
            "azurerm_resource_group.rg",
            "azurerm_subnet.subnetappgw",
            "azurerm_subnet.subnetnodes",
            "azurerm_subnet.subnetpods",
            "azurerm_user_assigned_identity.identity-aks",
            "azurerm_user_assigned_identity.identity-kubelet",
            "azurerm_virtual_network.vnet"
          ]
        }
      ]
    },
    {
      "mode": "managed",
      "type": "azurerm_role_assignment",
      "name": "role-secret-user",
      "provider": "provider[\"registry.terraform.io/hashicorp/azurerm\"]",
      "instances": []
    },
    {
      "mode": "managed",
      "type": "azurerm_role_assignment",
      "name": "role_acrpull",
      "provider": "provider[\"registry.terraform.io/hashicorp/azurerm\"]",
      "instances": [
        {
          "schema_version": 0,
          "attributes": {
            "condition": "",
            "condition_version": "",
            "delegated_managed_identity_resource_id": "",
            "description": "",
            "id": "/subscriptions/4b72ed90-7ca3-4e76-8d0f-31a2c0bee7a3/resourceGroups/rg-aks-cluster/providers/Microsoft.ContainerRegistry/registries/acrforakstf017/providers/Microsoft.Authorization/roleAssignments/32af13a5-a058-2cde-4e7e-e070877cb7ed",
            "name": "32af13a5-a058-2cde-4e7e-e070877cb7ed",
            "principal_id": "046d4692-ce48-42ca-bbbe-4f0c87ff995c",
            "principal_type": "ServicePrincipal",
            "role_definition_id": "/subscriptions/4b72ed90-7ca3-4e76-8d0f-31a2c0bee7a3/providers/Microsoft.Authorization/roleDefinitions/7f951dda-4ed3-4680-a7ca-43fe172d538d",
            "role_definition_name": "AcrPull",
            "scope": "/subscriptions/4b72ed90-7ca3-4e76-8d0f-31a2c0bee7a3/resourceGroups/rg-aks-cluster/providers/Microsoft.ContainerRegistry/registries/acrforakstf017",
            "skip_service_principal_aad_check": true,
            "timeouts": null
          },
          "sensitive_attributes": [],
          "private": "eyJlMmJmYjczMC1lY2FhLTExZTYtOGY4OC0zNDM2M2JjN2M0YzAiOnsiY3JlYXRlIjoxODAwMDAwMDAwMDAwLCJkZWxldGUiOjE4MDAwMDAwMDAwMDAsInJlYWQiOjMwMDAwMDAwMDAwMCwidXBkYXRlIjoxODAwMDAwMDAwMDAwfX0=",
          "dependencies": [
            "azurerm_container_registry.acr",
            "azurerm_resource_group.rg",
            "azurerm_user_assigned_identity.identity-kubelet"
          ]
        }
      ]
    },
    {
      "mode": "managed",
      "type": "azurerm_role_assignment",
      "name": "spn_velero_backup_rg",
      "provider": "provider[\"registry.terraform.io/hashicorp/azurerm\"]",
      "instances": [
        {
          "schema_version": 0,
          "attributes": {
            "condition": "",
            "condition_version": "",
            "delegated_managed_identity_resource_id": "",
            "description": "",
            "id": "/subscriptions/4b72ed90-7ca3-4e76-8d0f-31a2c0bee7a3/resourceGroups/backups-aks/providers/Microsoft.Authorization/roleAssignments/3eb568f9-7750-1707-42aa-3dafda940864",
            "name": "3eb568f9-7750-1707-42aa-3dafda940864",
            "principal_id": "9aa78e49-b2b0-4b1a-9080-60238ad5a1e9",
            "principal_type": "ServicePrincipal",
            "role_definition_id": "/subscriptions/4b72ed90-7ca3-4e76-8d0f-31a2c0bee7a3/providers/Microsoft.Authorization/roleDefinitions/b24988ac-6180-42a0-ab88-20f7382dd24c",
            "role_definition_name": "Contributor",
            "scope": "/subscriptions/4b72ed90-7ca3-4e76-8d0f-31a2c0bee7a3/resourceGroups/backups-aks",
            "skip_service_principal_aad_check": null,
            "timeouts": null
          },
          "sensitive_attributes": [],
          "private": "eyJlMmJmYjczMC1lY2FhLTExZTYtOGY4OC0zNDM2M2JjN2M0YzAiOnsiY3JlYXRlIjoxODAwMDAwMDAwMDAwLCJkZWxldGUiOjE4MDAwMDAwMDAwMDAsInJlYWQiOjMwMDAwMDAwMDAwMCwidXBkYXRlIjoxODAwMDAwMDAwMDAwfX0=",
          "dependencies": [
            "azuread_application.app_velero",
            "azuread_service_principal.spn_velero",
            "azurerm_resource_group.rg_aks_backups",
            "data.azuread_client_config.current"
          ]
        }
      ]
    },
    {
      "mode": "managed",
      "type": "azurerm_role_assignment",
      "name": "spn_velero_backup_storage",
      "provider": "provider[\"registry.terraform.io/hashicorp/azurerm\"]",
      "instances": [
        {
          "schema_version": 0,
          "attributes": {
            "condition": "",
            "condition_version": "",
            "delegated_managed_identity_resource_id": "",
            "description": "",
            "id": "/subscriptions/4b72ed90-7ca3-4e76-8d0f-31a2c0bee7a3/resourceGroups/backups-aks/providers/Microsoft.Storage/storageAccounts/backupsveleroaks13/providers/Microsoft.Authorization/roleAssignments/ae7cfb29-6fc7-5fc7-91f1-9441ce47119d",
            "name": "ae7cfb29-6fc7-5fc7-91f1-9441ce47119d",
            "principal_id": "9aa78e49-b2b0-4b1a-9080-60238ad5a1e9",
            "principal_type": "ServicePrincipal",
            "role_definition_id": "/subscriptions/4b72ed90-7ca3-4e76-8d0f-31a2c0bee7a3/providers/Microsoft.Authorization/roleDefinitions/b24988ac-6180-42a0-ab88-20f7382dd24c",
            "role_definition_name": "Contributor",
            "scope": "/subscriptions/4b72ed90-7ca3-4e76-8d0f-31a2c0bee7a3/resourceGroups/backups-aks/providers/Microsoft.Storage/storageAccounts/backupsveleroaks13",
            "skip_service_principal_aad_check": null,
            "timeouts": null
          },
          "sensitive_attributes": [],
          "private": "eyJlMmJmYjczMC1lY2FhLTExZTYtOGY4OC0zNDM2M2JjN2M0YzAiOnsiY3JlYXRlIjoxODAwMDAwMDAwMDAwLCJkZWxldGUiOjE4MDAwMDAwMDAwMDAsInJlYWQiOjMwMDAwMDAwMDAwMCwidXBkYXRlIjoxODAwMDAwMDAwMDAwfX0=",
          "dependencies": [
            "azuread_application.app_velero",
            "azuread_service_principal.spn_velero",
            "azurerm_resource_group.rg_aks_backups",
            "azurerm_storage_account.aks_backups",
            "data.azuread_client_config.current"
          ]
        }
      ]
    },
    {
      "mode": "managed",
      "type": "azurerm_role_assignment",
      "name": "spn_velero_backup_storage_key_operator",
      "provider": "provider[\"registry.terraform.io/hashicorp/azurerm\"]",
      "instances": [
        {
          "schema_version": 0,
          "attributes": {
            "condition": "",
            "condition_version": "",
            "delegated_managed_identity_resource_id": "",
            "description": "",
            "id": "/subscriptions/4b72ed90-7ca3-4e76-8d0f-31a2c0bee7a3/resourceGroups/backups-aks/providers/Microsoft.Storage/storageAccounts/backupsveleroaks13/providers/Microsoft.Authorization/roleAssignments/f139ce0f-3a87-176b-25c3-7eed15da8567",
            "name": "f139ce0f-3a87-176b-25c3-7eed15da8567",
            "principal_id": "9aa78e49-b2b0-4b1a-9080-60238ad5a1e9",
            "principal_type": "ServicePrincipal",
            "role_definition_id": "/subscriptions/4b72ed90-7ca3-4e76-8d0f-31a2c0bee7a3/providers/Microsoft.Authorization/roleDefinitions/81a9662b-bebf-436f-a333-f67b29880f12",
            "role_definition_name": "Storage Account Key Operator Service Role",
            "scope": "/subscriptions/4b72ed90-7ca3-4e76-8d0f-31a2c0bee7a3/resourceGroups/backups-aks/providers/Microsoft.Storage/storageAccounts/backupsveleroaks13",
            "skip_service_principal_aad_check": null,
            "timeouts": null
          },
          "sensitive_attributes": [],
          "private": "eyJlMmJmYjczMC1lY2FhLTExZTYtOGY4OC0zNDM2M2JjN2M0YzAiOnsiY3JlYXRlIjoxODAwMDAwMDAwMDAwLCJkZWxldGUiOjE4MDAwMDAwMDAwMDAsInJlYWQiOjMwMDAwMDAwMDAwMCwidXBkYXRlIjoxODAwMDAwMDAwMDAwfX0=",
          "dependencies": [
            "azuread_application.app_velero",
            "azuread_service_principal.spn_velero",
            "azurerm_resource_group.rg_aks_backups",
            "azurerm_storage_account.aks_backups",
            "data.azuread_client_config.current"
          ]
        }
      ]
    },
    {
      "mode": "managed",
      "type": "azurerm_role_assignment",
      "name": "spn_velero_reader",
      "provider": "provider[\"registry.terraform.io/hashicorp/azurerm\"]",
      "instances": [
        {
          "schema_version": 0,
          "attributes": {
            "condition": "",
            "condition_version": "",
            "delegated_managed_identity_resource_id": "",
            "description": "",
            "id": "/subscriptions/4b72ed90-7ca3-4e76-8d0f-31a2c0bee7a3/providers/Microsoft.Authorization/roleAssignments/a72ff543-ed45-e873-5833-7db474a415bc",
            "name": "a72ff543-ed45-e873-5833-7db474a415bc",
            "principal_id": "9aa78e49-b2b0-4b1a-9080-60238ad5a1e9",
            "principal_type": "ServicePrincipal",
            "role_definition_id": "/subscriptions/4b72ed90-7ca3-4e76-8d0f-31a2c0bee7a3/providers/Microsoft.Authorization/roleDefinitions/acdd72a7-3385-48ef-bd42-f606fba81ae7",
            "role_definition_name": "Reader",
            "scope": "/subscriptions/4b72ed90-7ca3-4e76-8d0f-31a2c0bee7a3",
            "skip_service_principal_aad_check": null,
            "timeouts": null
          },
          "sensitive_attributes": [],
          "private": "eyJlMmJmYjczMC1lY2FhLTExZTYtOGY4OC0zNDM2M2JjN2M0YzAiOnsiY3JlYXRlIjoxODAwMDAwMDAwMDAwLCJkZWxldGUiOjE4MDAwMDAwMDAwMDAsInJlYWQiOjMwMDAwMDAwMDAwMCwidXBkYXRlIjoxODAwMDAwMDAwMDAwfX0=",
          "dependencies": [
            "azuread_application.app_velero",
            "azuread_service_principal.spn_velero",
            "data.azuread_client_config.current",
            "data.azurerm_subscription.current"
          ]
        }
      ]
    },
    {
      "mode": "managed",
      "type": "azurerm_storage_account",
      "name": "aks_backups",
      "provider": "provider[\"registry.terraform.io/hashicorp/azurerm\"]",
      "instances": [
        {
          "schema_version": 3,
          "attributes": {
            "access_tier": "Hot",
            "account_kind": "StorageV2",
            "account_replication_type": "GRS",
            "account_tier": "Standard",
            "allow_nested_items_to_be_public": true,
            "azure_files_authentication": [],
            "blob_properties": [
              {
                "change_feed_enabled": false,
                "container_delete_retention_policy": [],
                "cors_rule": [],
                "default_service_version": "",
                "delete_retention_policy": [],
                "last_access_time_enabled": false,
                "versioning_enabled": false
              }
            ],
            "cross_tenant_replication_enabled": true,
            "custom_domain": [],
            "customer_managed_key": [],
            "edge_zone": "",
            "enable_https_traffic_only": true,
            "id": "/subscriptions/4b72ed90-7ca3-4e76-8d0f-31a2c0bee7a3/resourceGroups/backups-aks/providers/Microsoft.Storage/storageAccounts/backupsveleroaks13",
            "identity": [],
            "infrastructure_encryption_enabled": false,
            "is_hns_enabled": false,
            "large_file_share_enabled": null,
            "location": "northeurope",
            "min_tls_version": "TLS1_2",
            "name": "backupsveleroaks13",
            "network_rules": [
              {
                "bypass": [
                  "AzureServices"
                ],
                "default_action": "Allow",
                "ip_rules": [],
                "private_link_access": [],
                "virtual_network_subnet_ids": []
              }
            ],
            "nfsv3_enabled": false,
            "primary_access_key": "bS5l+Ap/Vb0vDdFCiNo8HJ86zcdB/7uieEI91gvYpi2USNQCR46aLgbTZBoxpVYo9keLkuORJGDI+AStPP+7JA==",
            "primary_blob_connection_string": "DefaultEndpointsProtocol=https;BlobEndpoint=https://backupsveleroaks13.blob.core.windows.net/;AccountName=backupsveleroaks13;AccountKey=bS5l+Ap/Vb0vDdFCiNo8HJ86zcdB/7uieEI91gvYpi2USNQCR46aLgbTZBoxpVYo9keLkuORJGDI+AStPP+7JA==",
            "primary_blob_endpoint": "https://backupsveleroaks13.blob.core.windows.net/",
            "primary_blob_host": "backupsveleroaks13.blob.core.windows.net",
            "primary_connection_string": "DefaultEndpointsProtocol=https;AccountName=backupsveleroaks13;AccountKey=bS5l+Ap/Vb0vDdFCiNo8HJ86zcdB/7uieEI91gvYpi2USNQCR46aLgbTZBoxpVYo9keLkuORJGDI+AStPP+7JA==;EndpointSuffix=core.windows.net",
            "primary_dfs_endpoint": "https://backupsveleroaks13.dfs.core.windows.net/",
            "primary_dfs_host": "backupsveleroaks13.dfs.core.windows.net",
            "primary_file_endpoint": "https://backupsveleroaks13.file.core.windows.net/",
            "primary_file_host": "backupsveleroaks13.file.core.windows.net",
            "primary_location": "northeurope",
            "primary_queue_endpoint": "https://backupsveleroaks13.queue.core.windows.net/",
            "primary_queue_host": "backupsveleroaks13.queue.core.windows.net",
            "primary_table_endpoint": "https://backupsveleroaks13.table.core.windows.net/",
            "primary_table_host": "backupsveleroaks13.table.core.windows.net",
            "primary_web_endpoint": "https://backupsveleroaks13.z16.web.core.windows.net/",
            "primary_web_host": "backupsveleroaks13.z16.web.core.windows.net",
            "queue_encryption_key_type": "Service",
            "queue_properties": [
              {
                "cors_rule": [],
                "hour_metrics": [
                  {
                    "enabled": true,
                    "include_apis": true,
                    "retention_policy_days": 7,
                    "version": "1.0"
                  }
                ],
                "logging": [
                  {
                    "delete": false,
                    "read": false,
                    "retention_policy_days": 0,
                    "version": "1.0",
                    "write": false
                  }
                ],
                "minute_metrics": [
                  {
                    "enabled": false,
                    "include_apis": false,
                    "retention_policy_days": 0,
                    "version": "1.0"
                  }
                ]
              }
            ],
            "resource_group_name": "backups-aks",
            "routing": [],
            "secondary_access_key": "gBAnHeVF6ZcPZyvJoipyk3cr350FaNiPuNe+E230VEH/OmWR36acyrYCIlnzmjuSvHKpfsGK/OPk+AStxeo0hw==",
            "secondary_blob_connection_string": "",
            "secondary_blob_endpoint": null,
            "secondary_blob_host": null,
            "secondary_connection_string": "DefaultEndpointsProtocol=https;AccountName=backupsveleroaks13;AccountKey=gBAnHeVF6ZcPZyvJoipyk3cr350FaNiPuNe+E230VEH/OmWR36acyrYCIlnzmjuSvHKpfsGK/OPk+AStxeo0hw==;EndpointSuffix=core.windows.net",
            "secondary_dfs_endpoint": null,
            "secondary_dfs_host": null,
            "secondary_file_endpoint": null,
            "secondary_file_host": null,
            "secondary_location": "westeurope",
            "secondary_queue_endpoint": null,
            "secondary_queue_host": null,
            "secondary_table_endpoint": null,
            "secondary_table_host": null,
            "secondary_web_endpoint": null,
            "secondary_web_host": null,
            "share_properties": [
              {
                "cors_rule": [],
                "retention_policy": [
                  {
                    "days": 7
                  }
                ],
                "smb": []
              }
            ],
            "shared_access_key_enabled": true,
            "static_website": [],
            "table_encryption_key_type": "Service",
            "tags": {
              "environment": "development",
              "source": "terraform"
            },
            "timeouts": null
          },
          "sensitive_attributes": [],
          "private": "eyJlMmJmYjczMC1lY2FhLTExZTYtOGY4OC0zNDM2M2JjN2M0YzAiOnsiY3JlYXRlIjozNjAwMDAwMDAwMDAwLCJkZWxldGUiOjM2MDAwMDAwMDAwMDAsInJlYWQiOjMwMDAwMDAwMDAwMCwidXBkYXRlIjozNjAwMDAwMDAwMDAwfSwic2NoZW1hX3ZlcnNpb24iOiIzIn0=",
          "dependencies": [
            "azurerm_resource_group.rg_aks_backups"
          ]
        }
      ]
    },
    {
      "mode": "managed",
      "type": "azurerm_storage_container",
      "name": "velero",
      "provider": "provider[\"registry.terraform.io/hashicorp/azurerm\"]",
      "instances": [
        {
          "schema_version": 1,
          "attributes": {
            "container_access_type": "private",
            "has_immutability_policy": false,
            "has_legal_hold": false,
            "id": "https://backupsveleroaks13.blob.core.windows.net/velero",
            "metadata": {},
            "name": "velero",
            "resource_manager_id": "/subscriptions/4b72ed90-7ca3-4e76-8d0f-31a2c0bee7a3/resourceGroups/backups-aks/providers/Microsoft.Storage/storageAccounts/backupsveleroaks13/blobServices/default/containers/velero",
            "storage_account_name": "backupsveleroaks13",
            "timeouts": null
          },
          "sensitive_attributes": [],
          "private": "eyJlMmJmYjczMC1lY2FhLTExZTYtOGY4OC0zNDM2M2JjN2M0YzAiOnsiY3JlYXRlIjoxODAwMDAwMDAwMDAwLCJkZWxldGUiOjE4MDAwMDAwMDAwMDAsInJlYWQiOjMwMDAwMDAwMDAwMCwidXBkYXRlIjoxODAwMDAwMDAwMDAwfSwic2NoZW1hX3ZlcnNpb24iOiIxIn0=",
          "dependencies": [
            "azurerm_resource_group.rg_aks_backups",
            "azurerm_storage_account.aks_backups"
          ]
        }
      ]
    },
    {
      "mode": "managed",
      "type": "azurerm_subnet",
      "name": "subnetappgw",
      "provider": "provider[\"registry.terraform.io/hashicorp/azurerm\"]",
      "instances": [
        {
          "schema_version": 0,
          "attributes": {
            "address_prefixes": [
              "10.1.0.0/16"
            ],
            "delegation": [],
            "enforce_private_link_endpoint_network_policies": false,
            "enforce_private_link_service_network_policies": false,
            "id": "/subscriptions/4b72ed90-7ca3-4e76-8d0f-31a2c0bee7a3/resourceGroups/rg-aks-cluster/providers/Microsoft.Network/virtualNetworks/vnet-spoke-aks/subnets/subnet-appgw",
            "name": "subnet-appgw",
            "resource_group_name": "rg-aks-cluster",
            "service_endpoint_policy_ids": [],
            "service_endpoints": [],
            "timeouts": null,
            "virtual_network_name": "vnet-spoke-aks"
          },
          "sensitive_attributes": [],
          "private": "eyJlMmJmYjczMC1lY2FhLTExZTYtOGY4OC0zNDM2M2JjN2M0YzAiOnsiY3JlYXRlIjoxODAwMDAwMDAwMDAwLCJkZWxldGUiOjE4MDAwMDAwMDAwMDAsInJlYWQiOjMwMDAwMDAwMDAwMCwidXBkYXRlIjoxODAwMDAwMDAwMDAwfX0=",
          "dependencies": [
            "azurerm_resource_group.rg",
            "azurerm_virtual_network.vnet"
          ],
          "create_before_destroy": true
        }
      ]
    },
    {
      "mode": "managed",
      "type": "azurerm_subnet",
      "name": "subnetnodes",
      "provider": "provider[\"registry.terraform.io/hashicorp/azurerm\"]",
      "instances": [
        {
          "schema_version": 0,
          "attributes": {
            "address_prefixes": [
              "10.241.0.0/16"
            ],
            "delegation": [],
            "enforce_private_link_endpoint_network_policies": false,
            "enforce_private_link_service_network_policies": false,
            "id": "/subscriptions/4b72ed90-7ca3-4e76-8d0f-31a2c0bee7a3/resourceGroups/rg-aks-cluster/providers/Microsoft.Network/virtualNetworks/vnet-spoke-aks/subnets/subnet-aks-nodes",
            "name": "subnet-aks-nodes",
            "resource_group_name": "rg-aks-cluster",
            "service_endpoint_policy_ids": [],
            "service_endpoints": [],
            "timeouts": null,
            "virtual_network_name": "vnet-spoke-aks"
          },
          "sensitive_attributes": [],
          "private": "eyJlMmJmYjczMC1lY2FhLTExZTYtOGY4OC0zNDM2M2JjN2M0YzAiOnsiY3JlYXRlIjoxODAwMDAwMDAwMDAwLCJkZWxldGUiOjE4MDAwMDAwMDAwMDAsInJlYWQiOjMwMDAwMDAwMDAwMCwidXBkYXRlIjoxODAwMDAwMDAwMDAwfX0=",
          "dependencies": [
            "azurerm_resource_group.rg",
            "azurerm_virtual_network.vnet"
          ],
          "create_before_destroy": true
        }
      ]
    },
    {
      "mode": "managed",
      "type": "azurerm_subnet",
      "name": "subnetpods",
      "provider": "provider[\"registry.terraform.io/hashicorp/azurerm\"]",
      "instances": [
        {
          "schema_version": 0,
          "attributes": {
            "address_prefixes": [
              "10.240.0.0/24"
            ],
            "delegation": [
              {
                "name": "aks-delegation",
                "service_delegation": [
                  {
                    "actions": [
                      "Microsoft.Network/virtualNetworks/subnets/join/action"
                    ],
                    "name": "Microsoft.ContainerService/managedClusters"
                  }
                ]
              }
            ],
            "enforce_private_link_endpoint_network_policies": false,
            "enforce_private_link_service_network_policies": false,
            "id": "/subscriptions/4b72ed90-7ca3-4e76-8d0f-31a2c0bee7a3/resourceGroups/rg-aks-cluster/providers/Microsoft.Network/virtualNetworks/vnet-spoke-aks/subnets/subnet-aks-pods",
            "name": "subnet-aks-pods",
            "resource_group_name": "rg-aks-cluster",
            "service_endpoint_policy_ids": [],
            "service_endpoints": [],
            "timeouts": null,
            "virtual_network_name": "vnet-spoke-aks"
          },
          "sensitive_attributes": [],
          "private": "eyJlMmJmYjczMC1lY2FhLTExZTYtOGY4OC0zNDM2M2JjN2M0YzAiOnsiY3JlYXRlIjoxODAwMDAwMDAwMDAwLCJkZWxldGUiOjE4MDAwMDAwMDAwMDAsInJlYWQiOjMwMDAwMDAwMDAwMCwidXBkYXRlIjoxODAwMDAwMDAwMDAwfX0=",
          "dependencies": [
            "azurerm_resource_group.rg",
            "azurerm_virtual_network.vnet"
          ],
          "create_before_destroy": true
        }
      ]
    },
    {
      "mode": "managed",
      "type": "azurerm_user_assigned_identity",
      "name": "identity-aks",
      "provider": "provider[\"registry.terraform.io/hashicorp/azurerm\"]",
      "instances": [
        {
          "schema_version": 1,
          "attributes": {
            "client_id": "2a57cf4a-4db4-44dc-ad7f-02b46452185e",
            "id": "/subscriptions/4b72ed90-7ca3-4e76-8d0f-31a2c0bee7a3/resourceGroups/rg-aks-cluster/providers/Microsoft.ManagedIdentity/userAssignedIdentities/identity-aks",
            "location": "westeurope",
            "name": "identity-aks",
            "principal_id": "9e49f5a9-616a-4427-8411-4de397f9472e",
            "resource_group_name": "rg-aks-cluster",
            "tags": {
              "environment": "development",
              "source": "terraform"
            },
            "tenant_id": "72f988bf-86f1-41af-91ab-2d7cd011db47",
            "timeouts": null
          },
          "sensitive_attributes": [],
          "private": "eyJlMmJmYjczMC1lY2FhLTExZTYtOGY4OC0zNDM2M2JjN2M0YzAiOnsiY3JlYXRlIjoxODAwMDAwMDAwMDAwLCJkZWxldGUiOjE4MDAwMDAwMDAwMDAsInJlYWQiOjMwMDAwMDAwMDAwMCwidXBkYXRlIjoxODAwMDAwMDAwMDAwfSwic2NoZW1hX3ZlcnNpb24iOiIxIn0=",
          "dependencies": [
            "azurerm_resource_group.rg"
          ],
          "create_before_destroy": true
        }
      ]
    },
    {
      "mode": "managed",
      "type": "azurerm_user_assigned_identity",
      "name": "identity-kubelet",
      "provider": "provider[\"registry.terraform.io/hashicorp/azurerm\"]",
      "instances": [
        {
          "schema_version": 1,
          "attributes": {
            "client_id": "c97c896b-84a5-4cd3-909b-27070a801432",
            "id": "/subscriptions/4b72ed90-7ca3-4e76-8d0f-31a2c0bee7a3/resourceGroups/rg-aks-cluster/providers/Microsoft.ManagedIdentity/userAssignedIdentities/aks-cluster-agentpool",
            "location": "westeurope",
            "name": "aks-cluster-agentpool",
            "principal_id": "046d4692-ce48-42ca-bbbe-4f0c87ff995c",
            "resource_group_name": "rg-aks-cluster",
            "tags": {
              "environment": "development",
              "source": "terraform"
            },
            "tenant_id": "72f988bf-86f1-41af-91ab-2d7cd011db47",
            "timeouts": null
          },
          "sensitive_attributes": [],
          "private": "eyJlMmJmYjczMC1lY2FhLTExZTYtOGY4OC0zNDM2M2JjN2M0YzAiOnsiY3JlYXRlIjoxODAwMDAwMDAwMDAwLCJkZWxldGUiOjE4MDAwMDAwMDAwMDAsInJlYWQiOjMwMDAwMDAwMDAwMCwidXBkYXRlIjoxODAwMDAwMDAwMDAwfSwic2NoZW1hX3ZlcnNpb24iOiIxIn0=",
          "dependencies": [
            "azurerm_resource_group.rg"
          ],
          "create_before_destroy": true
        }
      ]
    },
    {
      "mode": "managed",
      "type": "azurerm_virtual_network",
      "name": "vnet",
      "provider": "provider[\"registry.terraform.io/hashicorp/azurerm\"]",
      "instances": [
        {
          "schema_version": 0,
          "attributes": {
            "address_space": [
              "10.0.0.0/8"
            ],
            "bgp_community": "",
            "ddos_protection_plan": [],
            "dns_servers": [],
            "edge_zone": "",
            "flow_timeout_in_minutes": 0,
            "guid": "7b1b9d05-bac2-464f-b8bb-06032109a57d",
            "id": "/subscriptions/4b72ed90-7ca3-4e76-8d0f-31a2c0bee7a3/resourceGroups/rg-aks-cluster/providers/Microsoft.Network/virtualNetworks/vnet-spoke-aks",
            "location": "westeurope",
            "name": "vnet-spoke-aks",
            "resource_group_name": "rg-aks-cluster",
            "subnet": [
              {
                "address_prefix": "10.1.0.0/16",
                "id": "/subscriptions/4b72ed90-7ca3-4e76-8d0f-31a2c0bee7a3/resourceGroups/rg-aks-cluster/providers/Microsoft.Network/virtualNetworks/vnet-spoke-aks/subnets/subnet-appgw",
                "name": "subnet-appgw",
                "security_group": ""
              },
              {
                "address_prefix": "10.240.0.0/24",
                "id": "/subscriptions/4b72ed90-7ca3-4e76-8d0f-31a2c0bee7a3/resourceGroups/rg-aks-cluster/providers/Microsoft.Network/virtualNetworks/vnet-spoke-aks/subnets/subnet-aks-pods",
                "name": "subnet-aks-pods",
                "security_group": ""
              },
              {
                "address_prefix": "10.241.0.0/16",
                "id": "/subscriptions/4b72ed90-7ca3-4e76-8d0f-31a2c0bee7a3/resourceGroups/rg-aks-cluster/providers/Microsoft.Network/virtualNetworks/vnet-spoke-aks/subnets/subnet-aks-nodes",
                "name": "subnet-aks-nodes",
                "security_group": ""
              }
            ],
            "tags": {
              "environment": "development",
              "source": "terraform"
            },
            "timeouts": null
          },
          "sensitive_attributes": [],
          "private": "eyJlMmJmYjczMC1lY2FhLTExZTYtOGY4OC0zNDM2M2JjN2M0YzAiOnsiY3JlYXRlIjoxODAwMDAwMDAwMDAwLCJkZWxldGUiOjE4MDAwMDAwMDAwMDAsInJlYWQiOjMwMDAwMDAwMDAwMCwidXBkYXRlIjoxODAwMDAwMDAwMDAwfX0=",
          "dependencies": [
            "azurerm_resource_group.rg"
          ],
          "create_before_destroy": true
        }
      ]
    },
    {
      "module": "module.velero",
      "mode": "data",
      "type": "azurerm_resource_group",
      "name": "aks_nodes_rg",
      "provider": "provider[\"registry.terraform.io/hashicorp/azurerm\"]",
      "instances": [
        {
          "schema_version": 0,
          "attributes": {
            "id": "/subscriptions/4b72ed90-7ca3-4e76-8d0f-31a2c0bee7a3/resourceGroups/rg-aks-cluster-managed",
            "location": "westeurope",
            "name": "rg-aks-cluster-managed",
            "tags": {
              "aks-managed-cluster-name": "aks-cluster",
              "aks-managed-cluster-rg": "rg-aks-cluster",
              "environment": "development",
              "source": "terraform"
            },
            "timeouts": null
          },
          "sensitive_attributes": []
        }
      ]
    },
    {
      "module": "module.velero",
      "mode": "data",
      "type": "azurerm_resource_group",
      "name": "velero",
      "provider": "provider[\"registry.terraform.io/hashicorp/azurerm\"]",
      "instances": [
        {
          "schema_version": 0,
          "attributes": {
            "id": "/subscriptions/4b72ed90-7ca3-4e76-8d0f-31a2c0bee7a3/resourceGroups/backups-aks",
            "location": "northeurope",
            "name": "backups-aks",
            "tags": {
              "environment": "development",
              "source": "terraform"
            },
            "timeouts": null
          },
          "sensitive_attributes": []
        }
      ]
    },
    {
      "module": "module.velero",
      "mode": "data",
      "type": "azurerm_storage_account",
      "name": "velero",
      "provider": "provider[\"registry.terraform.io/hashicorp/azurerm\"]",
      "instances": [
        {
          "schema_version": 0,
          "attributes": {
            "access_tier": "Hot",
            "account_kind": "StorageV2",
            "account_replication_type": "GRS",
            "account_tier": "Standard",
            "allow_nested_items_to_be_public": true,
            "custom_domain": null,
            "enable_https_traffic_only": true,
            "id": "/subscriptions/4b72ed90-7ca3-4e76-8d0f-31a2c0bee7a3/resourceGroups/backups-aks/providers/Microsoft.Storage/storageAccounts/backupsveleroaks13",
            "infrastructure_encryption_enabled": false,
            "is_hns_enabled": false,
            "location": "northeurope",
            "min_tls_version": "TLS1_2",
            "name": "backupsveleroaks13",
            "nfsv3_enabled": false,
            "primary_access_key": "bS5l+Ap/Vb0vDdFCiNo8HJ86zcdB/7uieEI91gvYpi2USNQCR46aLgbTZBoxpVYo9keLkuORJGDI+AStPP+7JA==",
            "primary_blob_connection_string": "DefaultEndpointsProtocol=https;BlobEndpoint=https://backupsveleroaks13.blob.core.windows.net/;AccountName=backupsveleroaks13;AccountKey=bS5l+Ap/Vb0vDdFCiNo8HJ86zcdB/7uieEI91gvYpi2USNQCR46aLgbTZBoxpVYo9keLkuORJGDI+AStPP+7JA==",
            "primary_blob_endpoint": "https://backupsveleroaks13.blob.core.windows.net/",
            "primary_blob_host": "backupsveleroaks13.blob.core.windows.net",
            "primary_connection_string": "DefaultEndpointsProtocol=https;AccountName=backupsveleroaks13;AccountKey=bS5l+Ap/Vb0vDdFCiNo8HJ86zcdB/7uieEI91gvYpi2USNQCR46aLgbTZBoxpVYo9keLkuORJGDI+AStPP+7JA==;EndpointSuffix=core.windows.net",
            "primary_dfs_endpoint": "https://backupsveleroaks13.dfs.core.windows.net/",
            "primary_dfs_host": "backupsveleroaks13.dfs.core.windows.net",
            "primary_file_endpoint": "https://backupsveleroaks13.file.core.windows.net/",
            "primary_file_host": "backupsveleroaks13.file.core.windows.net",
            "primary_location": "northeurope",
            "primary_queue_endpoint": "https://backupsveleroaks13.queue.core.windows.net/",
            "primary_queue_host": "backupsveleroaks13.queue.core.windows.net",
            "primary_table_endpoint": "https://backupsveleroaks13.table.core.windows.net/",
            "primary_table_host": "backupsveleroaks13.table.core.windows.net",
            "primary_web_endpoint": "https://backupsveleroaks13.z16.web.core.windows.net/",
            "primary_web_host": "backupsveleroaks13.z16.web.core.windows.net",
            "queue_encryption_key_type": "Service",
            "resource_group_name": "backups-aks",
            "secondary_access_key": "gBAnHeVF6ZcPZyvJoipyk3cr350FaNiPuNe+E230VEH/OmWR36acyrYCIlnzmjuSvHKpfsGK/OPk+AStxeo0hw==",
            "secondary_blob_connection_string": "",
            "secondary_blob_endpoint": null,
            "secondary_blob_host": null,
            "secondary_connection_string": "DefaultEndpointsProtocol=https;AccountName=backupsveleroaks13;AccountKey=gBAnHeVF6ZcPZyvJoipyk3cr350FaNiPuNe+E230VEH/OmWR36acyrYCIlnzmjuSvHKpfsGK/OPk+AStxeo0hw==;EndpointSuffix=core.windows.net",
            "secondary_dfs_endpoint": null,
            "secondary_dfs_host": null,
            "secondary_file_endpoint": null,
            "secondary_file_host": null,
            "secondary_location": "westeurope",
            "secondary_queue_endpoint": null,
            "secondary_queue_host": null,
            "secondary_table_endpoint": null,
            "secondary_table_host": null,
            "secondary_web_endpoint": null,
            "secondary_web_host": null,
            "table_encryption_key_type": "Service",
            "tags": {
              "environment": "development",
              "source": "terraform"
            },
            "timeouts": null
          },
          "sensitive_attributes": []
        }
      ]
    },
    {
      "module": "module.velero",
      "mode": "data",
      "type": "azurerm_subscription",
      "name": "current",
      "provider": "provider[\"registry.terraform.io/hashicorp/azurerm\"]",
      "instances": [
        {
          "schema_version": 0,
          "attributes": {
            "display_name": "Microsoft Internal",
            "id": "/subscriptions/4b72ed90-7ca3-4e76-8d0f-31a2c0bee7a3",
            "location_placement_id": "Internal_2014-09-01",
            "quota_id": "Internal_2014-09-01",
            "spending_limit": "Off",
            "state": "Enabled",
            "subscription_id": "4b72ed90-7ca3-4e76-8d0f-31a2c0bee7a3",
            "tags": {
              "Environment ": "Self Learning"
            },
            "tenant_id": "72f988bf-86f1-41af-91ab-2d7cd011db47",
            "timeouts": null
          },
          "sensitive_attributes": []
        }
      ]
    },
    {
      "module": "module.velero",
      "mode": "managed",
      "type": "helm_release",
      "name": "velero",
      "provider": "provider[\"registry.terraform.io/hashicorp/helm\"].aks-module",
      "instances": []
    },
    {
      "module": "module.velero",
      "mode": "managed",
      "type": "kubernetes_secret",
      "name": "velero",
      "provider": "provider[\"registry.terraform.io/hashicorp/kubernetes\"].aks-module",
      "instances": []
    }
  ]
}
