{
  "version": 4,
  "terraform_version": "1.3.7",
  "serial": 13568,
  "lineage": "0c6669cb-3aa4-5b81-9a11-26b610fd3bc9",
  "outputs": {
    "grafana_endpoint": {
      "value": "https://grafana-aks-011-g5ebg9bqdfaggsdm.weu.grafana.azure.com",
      "type": "string"
    },
    "latest_version": {
      "value": "1.25.4",
      "type": "string"
    },
    "monitor_diagnostic_categories_acr": {
      "value": {
        "id": "/subscriptions/82f6d75e-85f4-434a-ab74-5dddd9fa8910/resourceGroups/rg-spoke-app/providers/Microsoft.ContainerRegistry/registries/acrforakstf013",
        "log_category_groups": [
          "allLogs",
          "audit"
        ],
        "log_category_types": [
          "ContainerRegistryLoginEvents",
          "ContainerRegistryRepositoryEvents"
        ],
        "logs": [
          "ContainerRegistryLoginEvents",
          "ContainerRegistryRepositoryEvents"
        ],
        "metrics": [
          "AllMetrics"
        ],
        "resource_id": "/subscriptions/82f6d75e-85f4-434a-ab74-5dddd9fa8910/resourceGroups/rg-spoke-app/providers/Microsoft.ContainerRegistry/registries/acrforakstf013",
        "timeouts": null
      },
      "type": [
        "object",
        {
          "id": "string",
          "log_category_groups": [
            "set",
            "string"
          ],
          "log_category_types": [
            "set",
            "string"
          ],
          "logs": [
            "set",
            "string"
          ],
          "metrics": [
            "set",
            "string"
          ],
          "resource_id": "string",
          "timeouts": [
            "object",
            {
              "read": "string"
            }
          ]
        }
      ]
    },
    "monitor_diagnostic_categories_aks": {
      "value": {
        "id": "/subscriptions/82f6d75e-85f4-434a-ab74-5dddd9fa8910/resourceGroups/rg-spoke-aks/providers/Microsoft.ContainerService/managedClusters/aks-cluster",
        "log_category_groups": [
          "allLogs",
          "audit"
        ],
        "log_category_types": [
          "cloud-controller-manager",
          "cluster-autoscaler",
          "csi-azuredisk-controller",
          "csi-azurefile-controller",
          "csi-snapshot-controller",
          "guard",
          "kube-apiserver",
          "kube-audit",
          "kube-audit-admin",
          "kube-controller-manager",
          "kube-scheduler"
        ],
        "logs": [
          "cloud-controller-manager",
          "cluster-autoscaler",
          "csi-azuredisk-controller",
          "csi-azurefile-controller",
          "csi-snapshot-controller",
          "guard",
          "kube-apiserver",
          "kube-audit",
          "kube-audit-admin",
          "kube-controller-manager",
          "kube-scheduler"
        ],
        "metrics": [
          "AllMetrics"
        ],
        "resource_id": "/subscriptions/82f6d75e-85f4-434a-ab74-5dddd9fa8910/resourceGroups/rg-spoke-aks/providers/Microsoft.ContainerService/managedClusters/aks-cluster",
        "timeouts": null
      },
      "type": [
        "object",
        {
          "id": "string",
          "log_category_groups": [
            "set",
            "string"
          ],
          "log_category_types": [
            "set",
            "string"
          ],
          "logs": [
            "set",
            "string"
          ],
          "metrics": [
            "set",
            "string"
          ],
          "resource_id": "string",
          "timeouts": [
            "object",
            {
              "read": "string"
            }
          ]
        }
      ]
    },
    "monitor_diagnostic_categories_firewall": {
      "value": {
        "id": "/subscriptions/82f6d75e-85f4-434a-ab74-5dddd9fa8910/resourceGroups/rg-hub/providers/Microsoft.Network/azureFirewalls/firewall-hub",
        "log_category_groups": [
          "allLogs"
        ],
        "log_category_types": [
          "AZFWApplicationRule",
          "AZFWApplicationRuleAggregation",
          "AZFWDnsQuery",
          "AZFWFatFlow",
          "AZFWFlowTrace",
          "AZFWFqdnResolveFailure",
          "AZFWIdpsSignature",
          "AZFWNatRule",
          "AZFWNatRuleAggregation",
          "AZFWNetworkRule",
          "AZFWNetworkRuleAggregation",
          "AZFWThreatIntel",
          "AzureFirewallApplicationRule",
          "AzureFirewallDnsProxy",
          "AzureFirewallNetworkRule"
        ],
        "logs": [
          "AZFWApplicationRule",
          "AZFWApplicationRuleAggregation",
          "AZFWDnsQuery",
          "AZFWFatFlow",
          "AZFWFlowTrace",
          "AZFWFqdnResolveFailure",
          "AZFWIdpsSignature",
          "AZFWNatRule",
          "AZFWNatRuleAggregation",
          "AZFWNetworkRule",
          "AZFWNetworkRuleAggregation",
          "AZFWThreatIntel",
          "AzureFirewallApplicationRule",
          "AzureFirewallDnsProxy",
          "AzureFirewallNetworkRule"
        ],
        "metrics": [
          "AllMetrics"
        ],
        "resource_id": "/subscriptions/82f6d75e-85f4-434a-ab74-5dddd9fa8910/resourceGroups/rg-hub/providers/Microsoft.Network/azureFirewalls/firewall-hub",
        "timeouts": null
      },
      "type": [
        "object",
        {
          "id": "string",
          "log_category_groups": [
            "set",
            "string"
          ],
          "log_category_types": [
            "set",
            "string"
          ],
          "logs": [
            "set",
            "string"
          ],
          "metrics": [
            "set",
            "string"
          ],
          "resource_id": "string",
          "timeouts": [
            "object",
            {
              "read": "string"
            }
          ]
        }
      ]
    },
    "monitor_diagnostic_categories_firewall_public_ip": {
      "value": {
        "id": "/subscriptions/82f6d75e-85f4-434a-ab74-5dddd9fa8910/resourceGroups/rg-hub/providers/Microsoft.Network/publicIPAddresses/public-ip-firewall",
        "log_category_groups": [
          "allLogs",
          "audit"
        ],
        "log_category_types": [
          "DDoSMitigationFlowLogs",
          "DDoSMitigationReports",
          "DDoSProtectionNotifications"
        ],
        "logs": [
          "DDoSMitigationFlowLogs",
          "DDoSMitigationReports",
          "DDoSProtectionNotifications"
        ],
        "metrics": [
          "AllMetrics"
        ],
        "resource_id": "/subscriptions/82f6d75e-85f4-434a-ab74-5dddd9fa8910/resourceGroups/rg-hub/providers/Microsoft.Network/publicIPAddresses/public-ip-firewall",
        "timeouts": null
      },
      "type": [
        "object",
        {
          "id": "string",
          "log_category_groups": [
            "set",
            "string"
          ],
          "log_category_types": [
            "set",
            "string"
          ],
          "logs": [
            "set",
            "string"
          ],
          "metrics": [
            "set",
            "string"
          ],
          "resource_id": "string",
          "timeouts": [
            "object",
            {
              "read": "string"
            }
          ]
        }
      ]
    },
    "monitor_diagnostic_categories_keyvault": {
      "value": {
        "id": "/subscriptions/82f6d75e-85f4-434a-ab74-5dddd9fa8910/resourceGroups/rg-spoke-app/providers/Microsoft.KeyVault/vaults/kvforaks0113",
        "log_category_groups": [
          "allLogs",
          "audit"
        ],
        "log_category_types": [
          "AuditEvent",
          "AzurePolicyEvaluationDetails"
        ],
        "logs": [
          "AuditEvent",
          "AzurePolicyEvaluationDetails"
        ],
        "metrics": [
          "AllMetrics"
        ],
        "resource_id": "/subscriptions/82f6d75e-85f4-434a-ab74-5dddd9fa8910/resourceGroups/rg-spoke-app/providers/Microsoft.KeyVault/vaults/kvforaks0113",
        "timeouts": null
      },
      "type": [
        "object",
        {
          "id": "string",
          "log_category_groups": [
            "set",
            "string"
          ],
          "log_category_types": [
            "set",
            "string"
          ],
          "logs": [
            "set",
            "string"
          ],
          "metrics": [
            "set",
            "string"
          ],
          "resource_id": "string",
          "timeouts": [
            "object",
            {
              "read": "string"
            }
          ]
        }
      ]
    },
    "monitor_diagnostic_categories_nsg": {
      "value": [
        {
          "id": "/subscriptions/82f6d75e-85f4-434a-ab74-5dddd9fa8910/resourceGroups/rg-spoke3/providers/Microsoft.Network/networkSecurityGroups/nsg_subnet_vnet_integration",
          "log_category_groups": [
            "allLogs"
          ],
          "log_category_types": [
            "NetworkSecurityGroupEvent",
            "NetworkSecurityGroupRuleCounter"
          ],
          "logs": [
            "NetworkSecurityGroupEvent",
            "NetworkSecurityGroupRuleCounter"
          ],
          "metrics": [],
          "resource_id": "/subscriptions/82f6d75e-85f4-434a-ab74-5dddd9fa8910/resourceGroups/rg-spoke3/providers/Microsoft.Network/networkSecurityGroups/nsg_subnet_vnet_integration",
          "timeouts": null
        },
        {
          "id": "/subscriptions/82f6d75e-85f4-434a-ab74-5dddd9fa8910/resourceGroups/rg-spoke-aks/providers/Microsoft.Network/networkSecurityGroups/nsg_subnet_nodes",
          "log_category_groups": [
            "allLogs"
          ],
          "log_category_types": [
            "NetworkSecurityGroupEvent",
            "NetworkSecurityGroupRuleCounter"
          ],
          "logs": [
            "NetworkSecurityGroupEvent",
            "NetworkSecurityGroupRuleCounter"
          ],
          "metrics": [],
          "resource_id": "/subscriptions/82f6d75e-85f4-434a-ab74-5dddd9fa8910/resourceGroups/rg-spoke-aks/providers/Microsoft.Network/networkSecurityGroups/nsg_subnet_nodes",
          "timeouts": null
        },
        {
          "id": "/subscriptions/82f6d75e-85f4-434a-ab74-5dddd9fa8910/resourceGroups/rg-spoke-aks/providers/Microsoft.Network/networkSecurityGroups/nsg_subnet_pods",
          "log_category_groups": [
            "allLogs"
          ],
          "log_category_types": [
            "NetworkSecurityGroupEvent",
            "NetworkSecurityGroupRuleCounter"
          ],
          "logs": [
            "NetworkSecurityGroupEvent",
            "NetworkSecurityGroupRuleCounter"
          ],
          "metrics": [],
          "resource_id": "/subscriptions/82f6d75e-85f4-434a-ab74-5dddd9fa8910/resourceGroups/rg-spoke-aks/providers/Microsoft.Network/networkSecurityGroups/nsg_subnet_pods",
          "timeouts": null
        },
        {
          "id": "/subscriptions/82f6d75e-85f4-434a-ab74-5dddd9fa8910/resourceGroups/rg-spoke-mgt/providers/Microsoft.Network/networkSecurityGroups/nsg_subnet_mgt",
          "log_category_groups": [
            "allLogs"
          ],
          "log_category_types": [
            "NetworkSecurityGroupEvent",
            "NetworkSecurityGroupRuleCounter"
          ],
          "logs": [
            "NetworkSecurityGroupEvent",
            "NetworkSecurityGroupRuleCounter"
          ],
          "metrics": [],
          "resource_id": "/subscriptions/82f6d75e-85f4-434a-ab74-5dddd9fa8910/resourceGroups/rg-spoke-mgt/providers/Microsoft.Network/networkSecurityGroups/nsg_subnet_mgt",
          "timeouts": null
        }
      ],
      "type": [
        "tuple",
        [
          [
            "object",
            {
              "id": "string",
              "log_category_groups": [
                "set",
                "string"
              ],
              "log_category_types": [
                "set",
                "string"
              ],
              "logs": [
                "set",
                "string"
              ],
              "metrics": [
                "set",
                "string"
              ],
              "resource_id": "string",
              "timeouts": [
                "object",
                {
                  "read": "string"
                }
              ]
            }
          ],
          [
            "object",
            {
              "id": "string",
              "log_category_groups": [
                "set",
                "string"
              ],
              "log_category_types": [
                "set",
                "string"
              ],
              "logs": [
                "set",
                "string"
              ],
              "metrics": [
                "set",
                "string"
              ],
              "resource_id": "string",
              "timeouts": [
                "object",
                {
                  "read": "string"
                }
              ]
            }
          ],
          [
            "object",
            {
              "id": "string",
              "log_category_groups": [
                "set",
                "string"
              ],
              "log_category_types": [
                "set",
                "string"
              ],
              "logs": [
                "set",
                "string"
              ],
              "metrics": [
                "set",
                "string"
              ],
              "resource_id": "string",
              "timeouts": [
                "object",
                {
                  "read": "string"
                }
              ]
            }
          ],
          [
            "object",
            {
              "id": "string",
              "log_category_groups": [
                "set",
                "string"
              ],
              "log_category_types": [
                "set",
                "string"
              ],
              "logs": [
                "set",
                "string"
              ],
              "metrics": [
                "set",
                "string"
              ],
              "resource_id": "string",
              "timeouts": [
                "object",
                {
                  "read": "string"
                }
              ]
            }
          ]
        ]
      ]
    },
    "monitor_diagnostic_categories_public_ip": {
      "value": {
        "id": "/subscriptions/82f6d75e-85f4-434a-ab74-5dddd9fa8910/resourceGroups/rg-hub/providers/Microsoft.Network/publicIPAddresses/public-ip-bastion",
        "log_category_groups": [
          "allLogs",
          "audit"
        ],
        "log_category_types": [
          "DDoSMitigationFlowLogs",
          "DDoSMitigationReports",
          "DDoSProtectionNotifications"
        ],
        "logs": [
          "DDoSMitigationFlowLogs",
          "DDoSMitigationReports",
          "DDoSProtectionNotifications"
        ],
        "metrics": [
          "AllMetrics"
        ],
        "resource_id": "/subscriptions/82f6d75e-85f4-434a-ab74-5dddd9fa8910/resourceGroups/rg-hub/providers/Microsoft.Network/publicIPAddresses/public-ip-bastion",
        "timeouts": null
      },
      "type": [
        "object",
        {
          "id": "string",
          "log_category_groups": [
            "set",
            "string"
          ],
          "log_category_types": [
            "set",
            "string"
          ],
          "logs": [
            "set",
            "string"
          ],
          "metrics": [
            "set",
            "string"
          ],
          "resource_id": "string",
          "timeouts": [
            "object",
            {
              "read": "string"
            }
          ]
        }
      ]
    },
    "monitor_diagnostic_categories_storage": {
      "value": {
        "id": "/subscriptions/82f6d75e-85f4-434a-ab74-5dddd9fa8910/resourceGroups/rg-spoke-app/providers/Microsoft.Storage/storageAccounts/storageforaks011",
        "log_category_groups": [],
        "log_category_types": [],
        "logs": [],
        "metrics": [
          "Capacity",
          "Transaction"
        ],
        "resource_id": "/subscriptions/82f6d75e-85f4-434a-ab74-5dddd9fa8910/resourceGroups/rg-spoke-app/providers/Microsoft.Storage/storageAccounts/storageforaks011",
        "timeouts": null
      },
      "type": [
        "object",
        {
          "id": "string",
          "log_category_groups": [
            "set",
            "string"
          ],
          "log_category_types": [
            "set",
            "string"
          ],
          "logs": [
            "set",
            "string"
          ],
          "metrics": [
            "set",
            "string"
          ],
          "resource_id": "string",
          "timeouts": [
            "object",
            {
              "read": "string"
            }
          ]
        }
      ]
    },
    "monitor_diagnostic_categories_vnet": {
      "value": [
        {
          "id": "/subscriptions/82f6d75e-85f4-434a-ab74-5dddd9fa8910/resourceGroups/rg-hub/providers/Microsoft.Network/virtualNetworks/vnet-hub",
          "log_category_groups": [
            "allLogs"
          ],
          "log_category_types": [
            "VMProtectionAlerts"
          ],
          "logs": [
            "VMProtectionAlerts"
          ],
          "metrics": [
            "AllMetrics"
          ],
          "resource_id": "/subscriptions/82f6d75e-85f4-434a-ab74-5dddd9fa8910/resourceGroups/rg-hub/providers/Microsoft.Network/virtualNetworks/vnet-hub",
          "timeouts": null
        },
        {
          "id": "/subscriptions/82f6d75e-85f4-434a-ab74-5dddd9fa8910/resourceGroups/rg-spoke-app/providers/Microsoft.Network/virtualNetworks/vnet-spoke-app",
          "log_category_groups": [
            "allLogs"
          ],
          "log_category_types": [
            "VMProtectionAlerts"
          ],
          "logs": [
            "VMProtectionAlerts"
          ],
          "metrics": [
            "AllMetrics"
          ],
          "resource_id": "/subscriptions/82f6d75e-85f4-434a-ab74-5dddd9fa8910/resourceGroups/rg-spoke-app/providers/Microsoft.Network/virtualNetworks/vnet-spoke-app",
          "timeouts": null
        },
        {
          "id": "/subscriptions/82f6d75e-85f4-434a-ab74-5dddd9fa8910/resourceGroups/rg-spoke-mgt/providers/Microsoft.Network/virtualNetworks/vnet-spoke-mgt",
          "log_category_groups": [
            "allLogs"
          ],
          "log_category_types": [
            "VMProtectionAlerts"
          ],
          "logs": [
            "VMProtectionAlerts"
          ],
          "metrics": [
            "AllMetrics"
          ],
          "resource_id": "/subscriptions/82f6d75e-85f4-434a-ab74-5dddd9fa8910/resourceGroups/rg-spoke-mgt/providers/Microsoft.Network/virtualNetworks/vnet-spoke-mgt",
          "timeouts": null
        }
      ],
      "type": [
        "tuple",
        [
          [
            "object",
            {
              "id": "string",
              "log_category_groups": [
                "set",
                "string"
              ],
              "log_category_types": [
                "set",
                "string"
              ],
              "logs": [
                "set",
                "string"
              ],
              "metrics": [
                "set",
                "string"
              ],
              "resource_id": "string",
              "timeouts": [
                "object",
                {
                  "read": "string"
                }
              ]
            }
          ],
          [
            "object",
            {
              "id": "string",
              "log_category_groups": [
                "set",
                "string"
              ],
              "log_category_types": [
                "set",
                "string"
              ],
              "logs": [
                "set",
                "string"
              ],
              "metrics": [
                "set",
                "string"
              ],
              "resource_id": "string",
              "timeouts": [
                "object",
                {
                  "read": "string"
                }
              ]
            }
          ],
          [
            "object",
            {
              "id": "string",
              "log_category_groups": [
                "set",
                "string"
              ],
              "log_category_types": [
                "set",
                "string"
              ],
              "logs": [
                "set",
                "string"
              ],
              "metrics": [
                "set",
                "string"
              ],
              "resource_id": "string",
              "timeouts": [
                "object",
                {
                  "read": "string"
                }
              ]
            }
          ]
        ]
      ]
    },
    "versions": {
      "value": [
        "1.23.8",
        "1.23.12",
        "1.24.3",
        "1.24.6",
        "1.25.2",
        "1.25.4"
      ],
      "type": [
        "list",
        "string"
      ]
    }
  },
  "resources": [
    {
      "mode": "data",
      "type": "azuread_client_config",
      "name": "current",
      "provider": "provider[\"registry.terraform.io/hashicorp/azuread\"]",
      "instances": [
        {
          "schema_version": 0,
          "attributes": {
            "client_id": "04b07795-8ddb-461a-bbee-02f9e1bf7b46",
            "id": "16b3c013-d300-468d-ac64-7eda0820b6d3-04b07795-8ddb-461a-bbee-02f9e1bf7b46-99b281c9-823c-4633-af92-8ac556a19bee",
            "object_id": "99b281c9-823c-4633-af92-8ac556a19bee",
            "tenant_id": "16b3c013-d300-468d-ac64-7eda0820b6d3",
            "timeouts": null
          },
          "sensitive_attributes": []
        }
      ]
    },
    {
      "mode": "data",
      "type": "azuread_service_principal",
      "name": "aks_aad_server",
      "provider": "provider[\"registry.terraform.io/hashicorp/azuread\"]",
      "instances": [
        {
          "schema_version": 0,
          "attributes": {
            "account_enabled": true,
            "alternative_names": [],
            "app_role_assignment_required": false,
            "app_role_ids": {},
            "app_roles": [],
            "application_id": "6dae42f8-4368-4678-94ff-3960e28e3630",
            "application_tenant_id": "f8cdef31-a31e-4b4a-93e4-5f571e91255a",
            "description": "",
            "display_name": "Azure Kubernetes Service AAD Server",
            "feature_tags": [
              {
                "custom_single_sign_on": false,
                "enterprise": false,
                "gallery": false,
                "hide": false
              }
            ],
            "features": [
              {
                "custom_single_sign_on_app": false,
                "enterprise_application": false,
                "gallery_application": false,
                "visible_to_users": true
              }
            ],
            "homepage_url": "",
            "id": "87d6543d-05f4-4985-8f51-cfbe152ee0cc",
            "login_url": "",
            "logout_url": "",
            "notes": "",
            "notification_email_addresses": [],
            "oauth2_permission_scope_ids": {
              "user.read": "34a47c2f-cd0d-47b4-a93c-2c41130c671c"
            },
            "oauth2_permission_scopes": [
              {
                "admin_consent_description": "this allows to read user profile",
                "admin_consent_display_name": "user.read",
                "enabled": true,
                "id": "34a47c2f-cd0d-47b4-a93c-2c41130c671c",
                "type": "User",
                "user_consent_description": "this allows to read user profile",
                "user_consent_display_name": "user.read",
                "value": "user.read"
              }
            ],
            "object_id": "87d6543d-05f4-4985-8f51-cfbe152ee0cc",
            "preferred_single_sign_on_mode": "",
            "redirect_uris": [],
            "saml_metadata_url": "",
            "saml_single_sign_on": [],
            "service_principal_names": [
              "https://aks-aad-server.azure.com"
            ],
            "sign_in_audience": "AzureADMultipleOrgs",
            "tags": [],
            "timeouts": null,
            "type": "Application"
          },
          "sensitive_attributes": []
        }
      ]
    },
    {
      "mode": "data",
      "type": "azurerm_client_config",
      "name": "current",
      "provider": "provider[\"registry.terraform.io/hashicorp/azurerm\"]",
      "instances": [
        {
          "schema_version": 0,
          "attributes": {
            "client_id": "04b07795-8ddb-461a-bbee-02f9e1bf7b46",
            "id": "Y2xpZW50Q29uZmlncy9jbGllbnRJZD0wNGIwNzc5NS04ZGRiLTQ2MWEtYmJlZS0wMmY5ZTFiZjdiNDY7b2JqZWN0SWQ9OTliMjgxYzktODIzYy00NjMzLWFmOTItOGFjNTU2YTE5YmVlO3N1YnNjcmlwdGlvbklkPTgyZjZkNzVlLTg1ZjQtNDM0YS1hYjc0LTVkZGRkOWZhODkxMDt0ZW5hbnRJZD0xNmIzYzAxMy1kMzAwLTQ2OGQtYWM2NC03ZWRhMDgyMGI2ZDM=",
            "object_id": "99b281c9-823c-4633-af92-8ac556a19bee",
            "subscription_id": "82f6d75e-85f4-434a-ab74-5dddd9fa8910",
            "tenant_id": "16b3c013-d300-468d-ac64-7eda0820b6d3",
            "timeouts": null
          },
          "sensitive_attributes": []
        }
      ]
    },
    {
      "mode": "data",
      "type": "azurerm_kubernetes_service_versions",
      "name": "current",
      "provider": "provider[\"registry.terraform.io/hashicorp/azurerm\"]",
      "instances": [
        {
          "schema_version": 0,
          "attributes": {
            "id": "/subscriptions/82f6d75e-85f4-434a-ab74-5dddd9fa8910/providers/Microsoft.ContainerService/locations/westeurope/orchestrators",
            "include_preview": true,
            "latest_version": "1.25.4",
            "location": "westeurope",
            "timeouts": null,
            "version_prefix": null,
            "versions": [
              "1.23.8",
              "1.23.12",
              "1.24.3",
              "1.24.6",
              "1.25.2",
              "1.25.4"
            ]
          },
          "sensitive_attributes": []
        }
      ]
    },
    {
      "mode": "data",
      "type": "azurerm_resources",
      "name": "nsg",
      "provider": "provider[\"registry.terraform.io/hashicorp/azurerm\"]",
      "instances": [
        {
          "schema_version": 0,
          "attributes": {
            "id": "resource-927a2da5-7f2a-4953-89a7-d58b73f16216",
            "name": null,
            "required_tags": {
              "architecture": "Hub\u0026Spoke",
              "environment": "development",
              "source": "terraform"
            },
            "resource_group_name": null,
            "resources": [
              {
                "id": "/subscriptions/82f6d75e-85f4-434a-ab74-5dddd9fa8910/resourceGroups/rg-spoke3/providers/Microsoft.Network/networkSecurityGroups/nsg_subnet_vnet_integration",
                "location": "westeurope",
                "name": "nsg_subnet_vnet_integration",
                "tags": {
                  "architecture": "Hub\u0026Spoke",
                  "environment": "development",
                  "source": "terraform"
                },
                "type": "Microsoft.Network/networkSecurityGroups"
              },
              {
                "id": "/subscriptions/82f6d75e-85f4-434a-ab74-5dddd9fa8910/resourceGroups/rg-spoke-aks/providers/Microsoft.Network/networkSecurityGroups/nsg_subnet_nodes",
                "location": "westeurope",
                "name": "nsg_subnet_nodes",
                "tags": {
                  "architecture": "Hub\u0026Spoke",
                  "environment": "development",
                  "source": "terraform"
                },
                "type": "Microsoft.Network/networkSecurityGroups"
              },
              {
                "id": "/subscriptions/82f6d75e-85f4-434a-ab74-5dddd9fa8910/resourceGroups/rg-spoke-aks/providers/Microsoft.Network/networkSecurityGroups/nsg_subnet_pods",
                "location": "westeurope",
                "name": "nsg_subnet_pods",
                "tags": {
                  "architecture": "Hub\u0026Spoke",
                  "environment": "development",
                  "source": "terraform"
                },
                "type": "Microsoft.Network/networkSecurityGroups"
              },
              {
                "id": "/subscriptions/82f6d75e-85f4-434a-ab74-5dddd9fa8910/resourceGroups/rg-spoke-mgt/providers/Microsoft.Network/networkSecurityGroups/nsg_subnet_mgt",
                "location": "westeurope",
                "name": "nsg_subnet_mgt",
                "tags": {
                  "architecture": "Hub\u0026Spoke",
                  "environment": "development",
                  "source": "terraform"
                },
                "type": "Microsoft.Network/networkSecurityGroups"
              }
            ],
            "timeouts": null,
            "type": "Microsoft.Network/networkSecurityGroups"
          },
          "sensitive_attributes": []
        }
      ]
    },
    {
      "mode": "data",
      "type": "azurerm_resources",
      "name": "vnet",
      "provider": "provider[\"registry.terraform.io/hashicorp/azurerm\"]",
      "instances": [
        {
          "schema_version": 0,
          "attributes": {
            "id": "resource-0ab546cd-a1a4-4065-9f44-799d660b09e4",
            "name": null,
            "required_tags": {
              "architecture": "Hub\u0026Spoke",
              "environment": "development",
              "source": "terraform"
            },
            "resource_group_name": null,
            "resources": [
              {
                "id": "/subscriptions/82f6d75e-85f4-434a-ab74-5dddd9fa8910/resourceGroups/rg-hub/providers/Microsoft.Network/virtualNetworks/vnet-hub",
                "location": "westeurope",
                "name": "vnet-hub",
                "tags": {
                  "architecture": "Hub\u0026Spoke",
                  "environment": "development",
                  "source": "terraform"
                },
                "type": "Microsoft.Network/virtualNetworks"
              },
              {
                "id": "/subscriptions/82f6d75e-85f4-434a-ab74-5dddd9fa8910/resourceGroups/rg-spoke-app/providers/Microsoft.Network/virtualNetworks/vnet-spoke-app",
                "location": "westeurope",
                "name": "vnet-spoke-app",
                "tags": {
                  "architecture": "Hub\u0026Spoke",
                  "environment": "development",
                  "source": "terraform"
                },
                "type": "Microsoft.Network/virtualNetworks"
              },
              {
                "id": "/subscriptions/82f6d75e-85f4-434a-ab74-5dddd9fa8910/resourceGroups/rg-spoke-mgt/providers/Microsoft.Network/virtualNetworks/vnet-spoke-mgt",
                "location": "westeurope",
                "name": "vnet-spoke-mgt",
                "tags": {
                  "architecture": "Hub\u0026Spoke",
                  "environment": "development",
                  "source": "terraform"
                },
                "type": "Microsoft.Network/virtualNetworks"
              }
            ],
            "timeouts": null,
            "type": "Microsoft.Network/virtualNetworks"
          },
          "sensitive_attributes": []
        }
      ]
    },
    {
      "mode": "data",
      "type": "azurerm_subscription",
      "name": "subscription_hub",
      "provider": "provider[\"registry.terraform.io/hashicorp/azurerm\"]",
      "instances": [
        {
          "schema_version": 0,
          "attributes": {
            "display_name": "Microsoft-Azure-NonProd",
            "id": "/subscriptions/82f6d75e-85f4-434a-ab74-5dddd9fa8910",
            "location_placement_id": "Internal_2014-09-01",
            "quota_id": "Internal_2014-09-01",
            "spending_limit": "Off",
            "state": "Enabled",
            "subscription_id": "82f6d75e-85f4-434a-ab74-5dddd9fa8910",
            "tags": {
              "tag1": "MCAPS-Hybrid-REQ-46246-2022-HoussemDellai",
              "tag2": "Hybrid"
            },
            "tenant_id": "16b3c013-d300-468d-ac64-7eda0820b6d3",
            "timeouts": null
          },
          "sensitive_attributes": []
        }
      ]
    },
    {
      "mode": "data",
      "type": "azurerm_subscription",
      "name": "subscription_spoke",
      "provider": "provider[\"registry.terraform.io/hashicorp/azurerm\"]",
      "instances": [
        {
          "schema_version": 0,
          "attributes": {
            "display_name": "Microsoft-Azure-NonProd",
            "id": "/subscriptions/82f6d75e-85f4-434a-ab74-5dddd9fa8910",
            "location_placement_id": "Internal_2014-09-01",
            "quota_id": "Internal_2014-09-01",
            "spending_limit": "Off",
            "state": "Enabled",
            "subscription_id": "82f6d75e-85f4-434a-ab74-5dddd9fa8910",
            "tags": {
              "tag1": "MCAPS-Hybrid-REQ-46246-2022-HoussemDellai",
              "tag2": "Hybrid"
            },
            "tenant_id": "16b3c013-d300-468d-ac64-7eda0820b6d3",
            "timeouts": null
          },
          "sensitive_attributes": []
        }
      ]
    },
    {
      "mode": "data",
      "type": "http",
      "name": "machine_ip",
      "provider": "provider[\"registry.terraform.io/hashicorp/http\"]",
      "instances": [
        {
          "schema_version": 0,
          "attributes": {
            "body": "176.177.25.47",
            "ca_cert_pem": null,
            "id": "http://ifconfig.me",
            "insecure": null,
            "method": null,
            "request_body": null,
            "request_headers": {
              "Accept": "application/json"
            },
            "response_body": "176.177.25.47",
            "response_headers": {
              "Access-Control-Allow-Origin": "*",
              "Content-Length": "13",
              "Content-Type": "text/plain; charset=utf-8",
              "Date": "Wed, 25 Jan 2023 10:16:27 GMT",
              "Server": "istio-envoy",
              "Strict-Transport-Security": "max-age=2592000; includeSubDomains",
              "Via": "1.1 google",
              "X-Envoy-Upstream-Service-Time": "3"
            },
            "status_code": 200,
            "url": "http://ifconfig.me"
          },
          "sensitive_attributes": []
        }
      ]
    },
    {
      "mode": "managed",
      "type": "azapi_resource",
      "name": "monitor_workspace_aks",
      "provider": "provider[\"registry.terraform.io/azure/azapi\"]",
      "instances": [
        {
          "schema_version": 0,
          "attributes": {
            "body": "{}",
            "id": "/subscriptions/82f6d75e-85f4-434a-ab74-5dddd9fa8910/resourceGroups/rg-spoke-app/providers/microsoft.monitor/accounts/monitor-workspace-aks",
            "identity": [],
            "ignore_casing": false,
            "ignore_missing_property": true,
            "location": "westeurope",
            "locks": null,
            "name": "monitor-workspace-aks",
            "output": "{}",
            "parent_id": "/subscriptions/82f6d75e-85f4-434a-ab74-5dddd9fa8910/resourceGroups/rg-spoke-app",
            "response_export_values": null,
            "schema_validation_enabled": true,
            "tags": {},
            "timeouts": null,
            "type": "microsoft.monitor/accounts@2021-06-03-preview"
          },
          "sensitive_attributes": [],
          "private": "eyJlMmJmYjczMC1lY2FhLTExZTYtOGY4OC0zNDM2M2JjN2M0YzAiOnsiY3JlYXRlIjoxODAwMDAwMDAwMDAwLCJkZWxldGUiOjE4MDAwMDAwMDAwMDAsInJlYWQiOjMwMDAwMDAwMDAwMCwidXBkYXRlIjoxODAwMDAwMDAwMDAwfX0=",
          "dependencies": [
            "azurerm_resource_group.rg_spoke_app"
          ]
        }
      ]
    },
    {
      "mode": "managed",
      "type": "azapi_update_resource",
      "name": "grafana_monitor_workspace_integration",
      "provider": "provider[\"registry.terraform.io/azure/azapi\"]",
      "instances": [
        {
          "schema_version": 0,
          "attributes": {
            "body": "{\"properties\":{\"grafanaIntegrations\":{\"azureMonitorWorkspaceIntegrations\":[{\"azureMonitorWorkspaceResourceId\":\"/subscriptions/82f6d75e-85f4-434a-ab74-5dddd9fa8910/resourceGroups/rg-spoke-app/providers/microsoft.monitor/accounts/monitor-workspace-aks\"}]}}}",
            "id": "/subscriptions/82f6d75e-85f4-434a-ab74-5dddd9fa8910/resourceGroups/rg-spoke-app/providers/Microsoft.Dashboard/grafana/grafana-aks-011",
            "ignore_casing": false,
            "ignore_missing_property": true,
            "locks": null,
            "name": "grafana-aks-011",
            "output": "{}",
            "parent_id": "/subscriptions/82f6d75e-85f4-434a-ab74-5dddd9fa8910/resourceGroups/rg-spoke-app",
            "resource_id": "/subscriptions/82f6d75e-85f4-434a-ab74-5dddd9fa8910/resourceGroups/rg-spoke-app/providers/Microsoft.Dashboard/grafana/grafana-aks-011",
            "response_export_values": null,
            "timeouts": null,
            "type": "Microsoft.Dashboard/grafana@2022-08-01"
          },
          "sensitive_attributes": [],
          "private": "eyJlMmJmYjczMC1lY2FhLTExZTYtOGY4OC0zNDM2M2JjN2M0YzAiOnsiY3JlYXRlIjoxODAwMDAwMDAwMDAwLCJkZWxldGUiOjE4MDAwMDAwMDAwMDAsInJlYWQiOjMwMDAwMDAwMDAwMCwidXBkYXRlIjoxODAwMDAwMDAwMDAwfX0=",
          "dependencies": [
            "azapi_resource.monitor_workspace_aks",
            "azurerm_dashboard_grafana.grafana_aks",
            "azurerm_resource_group.rg_spoke_app"
          ]
        }
      ]
    },
    {
      "mode": "managed",
      "type": "azurerm_app_service_source_control",
      "name": "sourcecontrol",
      "provider": "provider[\"registry.terraform.io/hashicorp/azurerm\"]",
      "instances": [
        {
          "index_key": 0,
          "schema_version": 0,
          "attributes": {
            "app_id": "/subscriptions/82f6d75e-85f4-434a-ab74-5dddd9fa8910/resourceGroups/rg-spoke3/providers/Microsoft.Web/sites/webapp-frontent-011",
            "branch": "master",
            "github_action_configuration": [],
            "id": "/subscriptions/82f6d75e-85f4-434a-ab74-5dddd9fa8910/resourceGroups/rg-spoke3/providers/Microsoft.Web/sites/webapp-frontent-011",
            "repo_url": "https://github.com/Azure-Samples/nodejs-docs-hello-world",
            "rollback_enabled": false,
            "scm_type": "ExternalGit",
            "timeouts": null,
            "use_local_git": false,
            "use_manual_integration": true,
            "use_mercurial": false,
            "uses_github_action": false
          },
          "sensitive_attributes": [],
          "private": "eyJlMmJmYjczMC1lY2FhLTExZTYtOGY4OC0zNDM2M2JjN2M0YzAiOnsiY3JlYXRlIjoxODAwMDAwMDAwMDAwLCJkZWxldGUiOjE4MDAwMDAwMDAwMDAsInJlYWQiOjMwMDAwMDAwMDAwMH19",
          "dependencies": [
            "azurerm_firewall.firewall",
            "azurerm_firewall_policy.firewall_policy",
            "azurerm_linux_web_app.webapp_frontent",
            "azurerm_log_analytics_workspace.workspace",
            "azurerm_public_ip.public_ip_firewall",
            "azurerm_resource_group.rg_hub",
            "azurerm_resource_group.rg_spoke3",
            "azurerm_resource_group.rg_spoke_app",
            "azurerm_service_plan.service_plan",
            "azurerm_subnet.snet_vnet_integration",
            "azurerm_subnet.subnet_firewall",
            "azurerm_virtual_network.vnet_hub",
            "azurerm_virtual_network.vnet_spoke3"
          ]
        }
      ]
    },
    {
      "mode": "managed",
      "type": "azurerm_bastion_host",
      "name": "bastion_host",
      "provider": "provider[\"registry.terraform.io/hashicorp/azurerm\"].subscription_hub",
      "instances": [
        {
          "index_key": 0,
          "schema_version": 0,
          "attributes": {
            "copy_paste_enabled": true,
            "dns_name": "bst-7300fe4f-6a76-4fc3-8122-70a1b48c00b6.bastion.azure.com",
            "file_copy_enabled": true,
            "id": "/subscriptions/82f6d75e-85f4-434a-ab74-5dddd9fa8910/resourceGroups/rg-hub/providers/Microsoft.Network/bastionHosts/bastion-host",
            "ip_configuration": [
              {
                "name": "configuration",
                "public_ip_address_id": "/subscriptions/82f6d75e-85f4-434a-ab74-5dddd9fa8910/resourceGroups/rg-hub/providers/Microsoft.Network/publicIPAddresses/public-ip-bastion",
                "subnet_id": "/subscriptions/82f6d75e-85f4-434a-ab74-5dddd9fa8910/resourceGroups/rg-hub/providers/Microsoft.Network/virtualNetworks/vnet-hub/subnets/AzureBastionSubnet"
              }
            ],
            "ip_connect_enabled": false,
            "location": "westeurope",
            "name": "bastion-host",
            "resource_group_name": "rg-hub",
            "scale_units": 2,
            "shareable_link_enabled": true,
            "sku": "Standard",
            "tags": {
              "architecture": "Hub\u0026Spoke",
              "environment": "development",
              "source": "terraform"
            },
            "timeouts": null,
            "tunneling_enabled": true
          },
          "sensitive_attributes": [],
          "private": "eyJlMmJmYjczMC1lY2FhLTExZTYtOGY4OC0zNDM2M2JjN2M0YzAiOnsiY3JlYXRlIjoxODAwMDAwMDAwMDAwLCJkZWxldGUiOjE4MDAwMDAwMDAwMDAsInJlYWQiOjMwMDAwMDAwMDAwMCwidXBkYXRlIjoxODAwMDAwMDAwMDAwfX0=",
          "dependencies": [
            "azurerm_public_ip.public_ip_bastion",
            "azurerm_resource_group.rg_hub",
            "azurerm_subnet.subnet_bastion",
            "azurerm_virtual_network.vnet_hub"
          ]
        }
      ]
    },
    {
      "mode": "managed",
      "type": "azurerm_container_registry",
      "name": "acr",
      "provider": "provider[\"registry.terraform.io/hashicorp/azurerm\"]",
      "instances": [
        {
          "schema_version": 2,
          "attributes": {
            "admin_enabled": false,
            "admin_password": "",
            "admin_username": "",
            "anonymous_pull_enabled": false,
            "data_endpoint_enabled": false,
            "encryption": [
              {
                "enabled": false,
                "identity_client_id": "",
                "key_vault_key_id": ""
              }
            ],
            "export_policy_enabled": true,
            "georeplications": [],
            "id": "/subscriptions/82f6d75e-85f4-434a-ab74-5dddd9fa8910/resourceGroups/rg-spoke-app/providers/Microsoft.ContainerRegistry/registries/acrforakstf013",
            "identity": [],
            "location": "westeurope",
            "login_server": "acrforakstf013.azurecr.io",
            "name": "acrforakstf013",
            "network_rule_bypass_option": "AzureServices",
            "network_rule_set": [
              {
                "default_action": "Deny",
                "ip_rule": [
                  {
                    "action": "Allow",
                    "ip_range": "176.177.25.47/32"
                  }
                ],
                "virtual_network": []
              }
            ],
            "public_network_access_enabled": true,
            "quarantine_policy_enabled": false,
            "resource_group_name": "rg-spoke-app",
            "retention_policy": [
              {
                "days": 7,
                "enabled": false
              }
            ],
            "sku": "Premium",
            "tags": {
              "architecture": "Hub\u0026Spoke",
              "environment": "development",
              "source": "terraform"
            },
            "timeouts": null,
            "trust_policy": [
              {
                "enabled": false
              }
            ],
            "zone_redundancy_enabled": false
          },
          "sensitive_attributes": [],
          "private": "eyJlMmJmYjczMC1lY2FhLTExZTYtOGY4OC0zNDM2M2JjN2M0YzAiOnsiY3JlYXRlIjoxODAwMDAwMDAwMDAwLCJkZWxldGUiOjE4MDAwMDAwMDAwMDAsInJlYWQiOjMwMDAwMDAwMDAwMCwidXBkYXRlIjoxODAwMDAwMDAwMDAwfSwic2NoZW1hX3ZlcnNpb24iOiIyIn0=",
          "dependencies": [
            "azurerm_resource_group.rg_spoke_app",
            "data.http.machine_ip"
          ]
        }
      ]
    },
    {
      "mode": "managed",
      "type": "azurerm_dashboard_grafana",
      "name": "grafana_aks",
      "provider": "provider[\"registry.terraform.io/hashicorp/azurerm\"]",
      "instances": [
        {
          "schema_version": 0,
          "attributes": {
            "api_key_enabled": true,
            "auto_generated_domain_name_label_scope": "TenantReuse",
            "deterministic_outbound_ip_enabled": true,
            "endpoint": "https://grafana-aks-011-g5ebg9bqdfaggsdm.weu.grafana.azure.com",
            "grafana_version": "9.2.7.1",
            "id": "/subscriptions/82f6d75e-85f4-434a-ab74-5dddd9fa8910/resourceGroups/rg-spoke-app/providers/Microsoft.Dashboard/grafana/grafana-aks-011",
            "identity": [
              {
                "principal_id": "cf4ce3ce-ae6a-4882-b478-612440d83a07",
                "tenant_id": "16b3c013-d300-468d-ac64-7eda0820b6d3",
                "type": "SystemAssigned"
              }
            ],
            "location": "westeurope",
            "name": "grafana-aks-011",
            "outbound_ip": [
              "20.229.249.200",
              "52.174.99.58"
            ],
            "public_network_access_enabled": true,
            "resource_group_name": "rg-spoke-app",
            "sku": "Standard",
            "tags": {
              "architecture": "Hub\u0026Spoke",
              "environment": "development",
              "source": "terraform"
            },
            "timeouts": null,
            "zone_redundancy_enabled": true
          },
          "sensitive_attributes": [],
          "private": "eyJlMmJmYjczMC1lY2FhLTExZTYtOGY4OC0zNDM2M2JjN2M0YzAiOnsiY3JlYXRlIjoxODAwMDAwMDAwMDAwLCJkZWxldGUiOjE4MDAwMDAwMDAwMDAsInJlYWQiOjMwMDAwMDAwMDAwMCwidXBkYXRlIjoxODAwMDAwMDAwMDAwfX0=",
          "dependencies": [
            "azurerm_resource_group.rg_spoke_app"
          ]
        }
      ]
    },
    {
      "mode": "managed",
      "type": "azurerm_firewall",
      "name": "firewall",
      "provider": "provider[\"registry.terraform.io/hashicorp/azurerm\"].subscription_hub",
      "instances": [
        {
          "index_key": 0,
          "schema_version": 0,
          "attributes": {
            "dns_servers": [],
            "firewall_policy_id": "/subscriptions/82f6d75e-85f4-434a-ab74-5dddd9fa8910/resourceGroups/rg-hub/providers/Microsoft.Network/firewallPolicies/firewall-policy",
            "id": "/subscriptions/82f6d75e-85f4-434a-ab74-5dddd9fa8910/resourceGroups/rg-hub/providers/Microsoft.Network/azureFirewalls/firewall-hub",
            "ip_configuration": [
              {
                "name": "configuration",
                "private_ip_address": "172.16.0.4",
                "public_ip_address_id": "/subscriptions/82f6d75e-85f4-434a-ab74-5dddd9fa8910/resourceGroups/rg-hub/providers/Microsoft.Network/publicIPAddresses/public-ip-firewall",
                "subnet_id": "/subscriptions/82f6d75e-85f4-434a-ab74-5dddd9fa8910/resourceGroups/rg-hub/providers/Microsoft.Network/virtualNetworks/vnet-hub/subnets/AzureFirewallSubnet"
              }
            ],
            "location": "westeurope",
            "management_ip_configuration": [],
            "name": "firewall-hub",
            "private_ip_ranges": [],
            "resource_group_name": "rg-hub",
            "sku_name": "AZFW_VNet",
            "sku_tier": "Standard",
            "tags": {},
            "threat_intel_mode": "Alert",
            "timeouts": null,
            "virtual_hub": [],
            "zones": []
          },
          "sensitive_attributes": [],
          "private": "eyJlMmJmYjczMC1lY2FhLTExZTYtOGY4OC0zNDM2M2JjN2M0YzAiOnsiY3JlYXRlIjo1NDAwMDAwMDAwMDAwLCJkZWxldGUiOjU0MDAwMDAwMDAwMDAsInJlYWQiOjMwMDAwMDAwMDAwMCwidXBkYXRlIjo1NDAwMDAwMDAwMDAwfX0=",
          "dependencies": [
            "azurerm_firewall_policy.firewall_policy",
            "azurerm_log_analytics_workspace.workspace",
            "azurerm_public_ip.public_ip_firewall",
            "azurerm_resource_group.rg_hub",
            "azurerm_resource_group.rg_spoke_app",
            "azurerm_subnet.subnet_firewall",
            "azurerm_virtual_network.vnet_hub"
          ],
          "create_before_destroy": true
        }
      ]
    },
    {
      "mode": "managed",
      "type": "azurerm_firewall_policy",
      "name": "firewall_policy",
      "provider": "provider[\"registry.terraform.io/hashicorp/azurerm\"]",
      "instances": [
        {
          "index_key": 0,
          "schema_version": 0,
          "attributes": {
            "auto_learn_private_ranges_enabled": false,
            "base_policy_id": "",
            "child_policies": [],
            "dns": [
              {
                "proxy_enabled": true,
                "servers": [
                  "168.63.129.16"
                ]
              }
            ],
            "explicit_proxy": [],
            "firewalls": [
              "/subscriptions/82f6d75e-85f4-434a-ab74-5dddd9fa8910/resourceGroups/rg-hub/providers/Microsoft.Network/azureFirewalls/firewall-hub"
            ],
            "id": "/subscriptions/82f6d75e-85f4-434a-ab74-5dddd9fa8910/resourceGroups/rg-hub/providers/Microsoft.Network/firewallPolicies/firewall-policy",
            "identity": [],
            "insights": [
              {
                "default_log_analytics_workspace_id": "/subscriptions/82f6d75e-85f4-434a-ab74-5dddd9fa8910/resourceGroups/rg-spoke-app/providers/Microsoft.OperationalInsights/workspaces/loganalyticsforaks011",
                "enabled": true,
                "log_analytics_workspace": [],
                "retention_in_days": 7
              }
            ],
            "intrusion_detection": [],
            "location": "westeurope",
            "name": "firewall-policy",
            "private_ip_ranges": [],
            "resource_group_name": "rg-hub",
            "rule_collection_groups": [
              "/subscriptions/82f6d75e-85f4-434a-ab74-5dddd9fa8910/resourceGroups/rg-hub/providers/Microsoft.Network/firewallPolicies/firewall-policy/ruleCollectionGroups/policy_group_deny",
              "/subscriptions/82f6d75e-85f4-434a-ab74-5dddd9fa8910/resourceGroups/rg-hub/providers/Microsoft.Network/firewallPolicies/firewall-policy/ruleCollectionGroups/policy_group_aks",
              "/subscriptions/82f6d75e-85f4-434a-ab74-5dddd9fa8910/resourceGroups/rg-hub/providers/Microsoft.Network/firewallPolicies/firewall-policy/ruleCollectionGroups/policy_group_subnet_mgt"
            ],
            "sku": "Standard",
            "sql_redirect_allowed": null,
            "tags": {},
            "threat_intelligence_allowlist": [],
            "threat_intelligence_mode": "Alert",
            "timeouts": null,
            "tls_certificate": []
          },
          "sensitive_attributes": [],
          "private": "eyJlMmJmYjczMC1lY2FhLTExZTYtOGY4OC0zNDM2M2JjN2M0YzAiOnsiY3JlYXRlIjoxODAwMDAwMDAwMDAwLCJkZWxldGUiOjE4MDAwMDAwMDAwMDAsInJlYWQiOjMwMDAwMDAwMDAwMCwidXBkYXRlIjoxODAwMDAwMDAwMDAwfX0=",
          "dependencies": [
            "azurerm_log_analytics_workspace.workspace",
            "azurerm_resource_group.rg_hub",
            "azurerm_resource_group.rg_spoke_app"
          ],
          "create_before_destroy": true
        }
      ]
    },
    {
      "mode": "managed",
      "type": "azurerm_firewall_policy_rule_collection_group",
      "name": "policy_group_aks",
      "provider": "provider[\"registry.terraform.io/hashicorp/azurerm\"]",
      "instances": [
        {
          "index_key": 0,
          "schema_version": 0,
          "attributes": {
            "application_rule_collection": [
              {
                "action": "Allow",
                "name": "aks_app_rules",
                "priority": 205,
                "rule": [
                  {
                    "description": "",
                    "destination_addresses": [],
                    "destination_fqdn_tags": [
                      "AzureKubnernetesService"
                    ],
                    "destination_fqdns": [],
                    "destination_urls": [],
                    "name": "aks_service",
                    "protocols": [
                      {
                        "port": 443,
                        "type": "Https"
                      }
                    ],
                    "source_addresses": [
                      "10.1.3.0/24",
                      "10.1.240.0/20"
                    ],
                    "source_ip_groups": [],
                    "terminate_tls": false,
                    "web_categories": []
                  }
                ]
              }
            ],
            "firewall_policy_id": "/subscriptions/82f6d75e-85f4-434a-ab74-5dddd9fa8910/resourceGroups/rg-hub/providers/Microsoft.Network/firewallPolicies/firewall-policy",
            "id": "/subscriptions/82f6d75e-85f4-434a-ab74-5dddd9fa8910/resourceGroups/rg-hub/providers/Microsoft.Network/firewallPolicies/firewall-policy/ruleCollectionGroups/policy_group_aks",
            "name": "policy_group_aks",
            "nat_rule_collection": [],
            "network_rule_collection": [
              {
                "action": "Allow",
                "name": "aks_network_rules",
                "priority": 201,
                "rule": [
                  {
                    "destination_addresses": [
                      "*"
                    ],
                    "destination_fqdns": [],
                    "destination_ip_groups": [],
                    "destination_ports": [
                      "443"
                    ],
                    "name": "https",
                    "protocols": [
                      "TCP"
                    ],
                    "source_addresses": [
                      "10.1.3.0/24",
                      "10.1.240.0/20"
                    ],
                    "source_ip_groups": []
                  },
                  {
                    "destination_addresses": [
                      "*"
                    ],
                    "destination_fqdns": [],
                    "destination_ip_groups": [],
                    "destination_ports": [
                      "53"
                    ],
                    "name": "dns",
                    "protocols": [
                      "UDP"
                    ],
                    "source_addresses": [
                      "10.1.3.0/24",
                      "10.1.240.0/20"
                    ],
                    "source_ip_groups": []
                  },
                  {
                    "destination_addresses": [
                      "*"
                    ],
                    "destination_fqdns": [],
                    "destination_ip_groups": [],
                    "destination_ports": [
                      "123"
                    ],
                    "name": "time",
                    "protocols": [
                      "UDP"
                    ],
                    "source_addresses": [
                      "10.1.3.0/24",
                      "10.1.240.0/20"
                    ],
                    "source_ip_groups": []
                  },
                  {
                    "destination_addresses": [
                      "*"
                    ],
                    "destination_fqdns": [],
                    "destination_ip_groups": [],
                    "destination_ports": [
                      "1194"
                    ],
                    "name": "tunnel_udp",
                    "protocols": [
                      "UDP"
                    ],
                    "source_addresses": [
                      "10.1.3.0/24",
                      "10.1.240.0/20"
                    ],
                    "source_ip_groups": []
                  },
                  {
                    "destination_addresses": [
                      "*"
                    ],
                    "destination_fqdns": [],
                    "destination_ip_groups": [],
                    "destination_ports": [
                      "9000"
                    ],
                    "name": "tunnel_tcp",
                    "protocols": [
                      "TCP"
                    ],
                    "source_addresses": [
                      "10.1.3.0/24",
                      "10.1.240.0/20"
                    ],
                    "source_ip_groups": []
                  },
                  {
                    "destination_addresses": [
                      "*"
                    ],
                    "destination_fqdns": [],
                    "destination_ip_groups": [],
                    "destination_ports": [
                      "123"
                    ],
                    "name": "Time",
                    "protocols": [
                      "UDP"
                    ],
                    "source_addresses": [
                      "*"
                    ],
                    "source_ip_groups": []
                  },
                  {
                    "destination_addresses": [
                      "*"
                    ],
                    "destination_fqdns": [],
                    "destination_ip_groups": [],
                    "destination_ports": [
                      "53"
                    ],
                    "name": "DNS",
                    "protocols": [
                      "UDP"
                    ],
                    "source_addresses": [
                      "*"
                    ],
                    "source_ip_groups": []
                  },
                  {
                    "destination_addresses": [
                      "AzureContainerRegistry",
                      "MicrosoftContainerRegistry",
                      "AzureActiveDirectory"
                    ],
                    "destination_fqdns": [],
                    "destination_ip_groups": [],
                    "destination_ports": [
                      "*"
                    ],
                    "name": "ServiceTags",
                    "protocols": [
                      "Any"
                    ],
                    "source_addresses": [
                      "*"
                    ],
                    "source_ip_groups": []
                  }
                ]
              }
            ],
            "priority": 200,
            "timeouts": null
          },
          "sensitive_attributes": [],
          "private": "eyJlMmJmYjczMC1lY2FhLTExZTYtOGY4OC0zNDM2M2JjN2M0YzAiOnsiY3JlYXRlIjoxODAwMDAwMDAwMDAwLCJkZWxldGUiOjE4MDAwMDAwMDAwMDAsInJlYWQiOjMwMDAwMDAwMDAwMCwidXBkYXRlIjoxODAwMDAwMDAwMDAwfX0=",
          "dependencies": [
            "azurerm_firewall.firewall",
            "azurerm_firewall_policy.firewall_policy",
            "azurerm_log_analytics_workspace.workspace",
            "azurerm_public_ip.public_ip_firewall",
            "azurerm_resource_group.rg_hub",
            "azurerm_resource_group.rg_spoke_app",
            "azurerm_subnet.subnet_firewall",
            "azurerm_subnet.subnet_nodes",
            "azurerm_subnet.subnet_pods",
            "azurerm_virtual_network.vnet_hub",
            "azurerm_virtual_network.vnet_spoke_app"
          ]
        }
      ]
    },
    {
      "mode": "managed",
      "type": "azurerm_firewall_policy_rule_collection_group",
      "name": "policy_group_deny",
      "provider": "provider[\"registry.terraform.io/hashicorp/azurerm\"]",
      "instances": [
        {
          "index_key": 0,
          "schema_version": 0,
          "attributes": {
            "application_rule_collection": [
              {
                "action": "Deny",
                "name": "app_rules_deny_yahoo_com_any_source",
                "priority": 100,
                "rule": [
                  {
                    "description": "",
                    "destination_addresses": [],
                    "destination_fqdn_tags": [],
                    "destination_fqdns": [
                      "*.yahoo.com"
                    ],
                    "destination_urls": [],
                    "name": "deny_yahoo_com",
                    "protocols": [
                      {
                        "port": 80,
                        "type": "Http"
                      },
                      {
                        "port": 443,
                        "type": "Https"
                      }
                    ],
                    "source_addresses": [
                      "*"
                    ],
                    "source_ip_groups": [],
                    "terminate_tls": false,
                    "web_categories": []
                  }
                ]
              }
            ],
            "firewall_policy_id": "/subscriptions/82f6d75e-85f4-434a-ab74-5dddd9fa8910/resourceGroups/rg-hub/providers/Microsoft.Network/firewallPolicies/firewall-policy",
            "id": "/subscriptions/82f6d75e-85f4-434a-ab74-5dddd9fa8910/resourceGroups/rg-hub/providers/Microsoft.Network/firewallPolicies/firewall-policy/ruleCollectionGroups/policy_group_deny",
            "name": "policy_group_deny",
            "nat_rule_collection": [],
            "network_rule_collection": [],
            "priority": 100,
            "timeouts": null
          },
          "sensitive_attributes": [],
          "private": "eyJlMmJmYjczMC1lY2FhLTExZTYtOGY4OC0zNDM2M2JjN2M0YzAiOnsiY3JlYXRlIjoxODAwMDAwMDAwMDAwLCJkZWxldGUiOjE4MDAwMDAwMDAwMDAsInJlYWQiOjMwMDAwMDAwMDAwMCwidXBkYXRlIjoxODAwMDAwMDAwMDAwfX0=",
          "dependencies": [
            "azurerm_firewall_policy.firewall_policy",
            "azurerm_log_analytics_workspace.workspace",
            "azurerm_resource_group.rg_hub",
            "azurerm_resource_group.rg_spoke_app"
          ]
        }
      ]
    },
    {
      "mode": "managed",
      "type": "azurerm_firewall_policy_rule_collection_group",
      "name": "policy_group_subnet_mgt",
      "provider": "provider[\"registry.terraform.io/hashicorp/azurerm\"]",
      "instances": [
        {
          "index_key": 0,
          "schema_version": 0,
          "attributes": {
            "application_rule_collection": [
              {
                "action": "Allow",
                "name": "app_rules_subnet_mgt",
                "priority": 305,
                "rule": [
                  {
                    "description": "",
                    "destination_addresses": [],
                    "destination_fqdn_tags": [],
                    "destination_fqdns": [
                      "*"
                    ],
                    "destination_urls": [],
                    "name": "allow_internet",
                    "protocols": [
                      {
                        "port": 80,
                        "type": "Http"
                      },
                      {
                        "port": 443,
                        "type": "Https"
                      }
                    ],
                    "source_addresses": [
                      "10.2.0.0/24"
                    ],
                    "source_ip_groups": [],
                    "terminate_tls": false,
                    "web_categories": []
                  }
                ]
              }
            ],
            "firewall_policy_id": "/subscriptions/82f6d75e-85f4-434a-ab74-5dddd9fa8910/resourceGroups/rg-hub/providers/Microsoft.Network/firewallPolicies/firewall-policy",
            "id": "/subscriptions/82f6d75e-85f4-434a-ab74-5dddd9fa8910/resourceGroups/rg-hub/providers/Microsoft.Network/firewallPolicies/firewall-policy/ruleCollectionGroups/policy_group_subnet_mgt",
            "name": "policy_group_subnet_mgt",
            "nat_rule_collection": [],
            "network_rule_collection": [
              {
                "action": "Allow",
                "name": "allow_subnet_mgt_to_subnet_pe",
                "priority": 201,
                "rule": [
                  {
                    "destination_addresses": [
                      "10.1.2.0/28"
                    ],
                    "destination_fqdns": [],
                    "destination_ip_groups": [],
                    "destination_ports": [
                      "443"
                    ],
                    "name": "https",
                    "protocols": [
                      "TCP"
                    ],
                    "source_addresses": [
                      "10.2.0.0/24"
                    ],
                    "source_ip_groups": []
                  }
                ]
              }
            ],
            "priority": 300,
            "timeouts": null
          },
          "sensitive_attributes": [],
          "private": "eyJlMmJmYjczMC1lY2FhLTExZTYtOGY4OC0zNDM2M2JjN2M0YzAiOnsiY3JlYXRlIjoxODAwMDAwMDAwMDAwLCJkZWxldGUiOjE4MDAwMDAwMDAwMDAsInJlYWQiOjMwMDAwMDAwMDAwMCwidXBkYXRlIjoxODAwMDAwMDAwMDAwfX0=",
          "dependencies": [
            "azurerm_firewall.firewall",
            "azurerm_firewall_policy.firewall_policy",
            "azurerm_log_analytics_workspace.workspace",
            "azurerm_public_ip.public_ip_firewall",
            "azurerm_resource_group.rg_hub",
            "azurerm_resource_group.rg_spoke_app",
            "azurerm_resource_group.rg_spoke_mgt",
            "azurerm_subnet.subnet_firewall",
            "azurerm_subnet.subnet_mgt",
            "azurerm_subnet.subnet_pe",
            "azurerm_virtual_network.vnet_hub",
            "azurerm_virtual_network.vnet_spoke_app",
            "azurerm_virtual_network.vnet_spoke_mgt"
          ]
        }
      ]
    },
    {
      "mode": "managed",
      "type": "azurerm_key_vault",
      "name": "kv",
      "provider": "provider[\"registry.terraform.io/hashicorp/azurerm\"]",
      "instances": [
        {
          "index_key": 0,
          "schema_version": 2,
          "attributes": {
            "access_policy": [],
            "contact": [],
            "enable_rbac_authorization": true,
            "enabled_for_deployment": false,
            "enabled_for_disk_encryption": false,
            "enabled_for_template_deployment": false,
            "id": "/subscriptions/82f6d75e-85f4-434a-ab74-5dddd9fa8910/resourceGroups/rg-spoke-app/providers/Microsoft.KeyVault/vaults/kvforaks0113",
            "location": "westeurope",
            "name": "kvforaks0113",
            "network_acls": [
              {
                "bypass": "AzureServices",
                "default_action": "Deny",
                "ip_rules": [
                  "176.177.25.47/32"
                ],
                "virtual_network_subnet_ids": []
              }
            ],
            "public_network_access_enabled": true,
            "purge_protection_enabled": false,
            "resource_group_name": "rg-spoke-app",
            "sku_name": "standard",
            "soft_delete_retention_days": 7,
            "tags": {
              "architecture": "Hub\u0026Spoke",
              "environment": "development",
              "source": "terraform"
            },
            "tenant_id": "16b3c013-d300-468d-ac64-7eda0820b6d3",
            "timeouts": null,
            "vault_uri": "https://kvforaks0113.vault.azure.net/"
          },
          "sensitive_attributes": [],
          "private": "eyJlMmJmYjczMC1lY2FhLTExZTYtOGY4OC0zNDM2M2JjN2M0YzAiOnsiY3JlYXRlIjoxODAwMDAwMDAwMDAwLCJkZWxldGUiOjE4MDAwMDAwMDAwMDAsInJlYWQiOjMwMDAwMDAwMDAwMCwidXBkYXRlIjoxODAwMDAwMDAwMDAwfSwic2NoZW1hX3ZlcnNpb24iOiIyIn0=",
          "dependencies": [
            "azurerm_resource_group.rg_spoke_app",
            "data.azurerm_client_config.current",
            "data.http.machine_ip"
          ]
        }
      ]
    },
    {
      "mode": "managed",
      "type": "azurerm_key_vault_secret",
      "name": "secret",
      "provider": "provider[\"registry.terraform.io/hashicorp/azurerm\"]",
      "instances": [
        {
          "index_key": 0,
          "schema_version": 0,
          "attributes": {
            "content_type": "",
            "expiration_date": null,
            "id": "https://kvforaks0113.vault.azure.net/secrets/database-password/631d69ed5ee3419aabfd91ea3aa0852d",
            "key_vault_id": "/subscriptions/82f6d75e-85f4-434a-ab74-5dddd9fa8910/resourceGroups/rg-spoke-app/providers/Microsoft.KeyVault/vaults/kvforaks0113",
            "name": "database-password",
            "not_before_date": null,
            "resource_id": "/subscriptions/82f6d75e-85f4-434a-ab74-5dddd9fa8910/resourceGroups/rg-spoke-app/providers/Microsoft.KeyVault/vaults/kvforaks0113/secrets/database-password/versions/631d69ed5ee3419aabfd91ea3aa0852d",
            "resource_versionless_id": "/subscriptions/82f6d75e-85f4-434a-ab74-5dddd9fa8910/resourceGroups/rg-spoke-app/providers/Microsoft.KeyVault/vaults/kvforaks0113/secrets/database-password",
            "tags": {
              "architecture": "Hub\u0026Spoke",
              "environment": "development",
              "source": "terraform"
            },
            "timeouts": null,
            "value": "@Aa123456789",
            "version": "631d69ed5ee3419aabfd91ea3aa0852d",
            "versionless_id": "https://kvforaks0113.vault.azure.net/secrets/database-password"
          },
          "sensitive_attributes": [],
          "private": "eyJlMmJmYjczMC1lY2FhLTExZTYtOGY4OC0zNDM2M2JjN2M0YzAiOnsiY3JlYXRlIjoxODAwMDAwMDAwMDAwLCJkZWxldGUiOjE4MDAwMDAwMDAwMDAsInJlYWQiOjE4MDAwMDAwMDAwMDAsInVwZGF0ZSI6MTgwMDAwMDAwMDAwMH19",
          "dependencies": [
            "azurerm_key_vault.kv",
            "azurerm_resource_group.rg_spoke_app",
            "azurerm_role_assignment.role_secret_officer",
            "data.azurerm_client_config.current",
            "data.http.machine_ip"
          ]
        }
      ]
    },
    {
      "mode": "managed",
      "type": "azurerm_kubernetes_cluster",
      "name": "aks",
      "provider": "provider[\"registry.terraform.io/hashicorp/azurerm\"]",
      "instances": [
        {
          "index_key": 0,
          "schema_version": 2,
          "attributes": {
            "aci_connector_linux": [],
            "api_server_access_profile": [
              {
                "authorized_ip_ranges": [
                  "0.0.0.0/0"
                ],
                "subnet_id": "/subscriptions/82f6d75e-85f4-434a-ab74-5dddd9fa8910/resourceGroups/rg-spoke-app/providers/Microsoft.Network/virtualNetworks/vnet-spoke-app/subnets/subnet-apiserver",
                "vnet_integration_enabled": true
              }
            ],
            "api_server_authorized_ip_ranges": [
              "0.0.0.0/0"
            ],
            "auto_scaler_profile": [
              {
                "balance_similar_node_groups": false,
                "empty_bulk_delete_max": "10",
                "expander": "random",
                "max_graceful_termination_sec": "600",
                "max_node_provisioning_time": "15m",
                "max_unready_nodes": 3,
                "max_unready_percentage": 45,
                "new_pod_scale_up_delay": "10s",
                "scale_down_delay_after_add": "10m",
                "scale_down_delay_after_delete": "10s",
                "scale_down_delay_after_failure": "3m",
                "scale_down_unneeded": "10m",
                "scale_down_unready": "20m",
                "scale_down_utilization_threshold": "0.5",
                "scan_interval": "10s",
                "skip_nodes_with_local_storage": true,
                "skip_nodes_with_system_pods": true
              }
            ],
            "automatic_channel_upgrade": "node-image",
            "azure_active_directory_role_based_access_control": [
              {
                "admin_group_object_ids": [],
                "azure_rbac_enabled": true,
                "client_app_id": "",
                "managed": true,
                "server_app_id": "",
                "server_app_secret": "",
                "tenant_id": "16b3c013-d300-468d-ac64-7eda0820b6d3"
              }
            ],
            "azure_policy_enabled": true,
            "default_node_pool": [
              {
                "capacity_reservation_group_id": "",
                "custom_ca_trust_enabled": false,
                "enable_auto_scaling": true,
                "enable_host_encryption": false,
                "enable_node_public_ip": false,
                "fips_enabled": false,
                "host_group_id": "",
                "kubelet_config": [],
                "kubelet_disk_type": "OS",
                "linux_os_config": [],
                "max_count": 3,
                "max_pods": 110,
                "message_of_the_day": "Hello from Azure AKS cluster!",
                "min_count": 1,
                "name": "poolsystem",
                "node_count": 3,
                "node_labels": {},
                "node_public_ip_prefix_id": "",
                "node_taints": [],
                "only_critical_addons_enabled": false,
                "orchestrator_version": "1.25.4",
                "os_disk_size_gb": 40,
                "os_disk_type": "Managed",
                "os_sku": "Ubuntu",
                "pod_subnet_id": "/subscriptions/82f6d75e-85f4-434a-ab74-5dddd9fa8910/resourceGroups/rg-spoke-app/providers/Microsoft.Network/virtualNetworks/vnet-spoke-app/subnets/subnet-pods",
                "proximity_placement_group_id": "",
                "scale_down_mode": "Delete",
                "tags": {
                  "architecture": "Hub\u0026Spoke",
                  "environment": "development",
                  "source": "terraform"
                },
                "type": "VirtualMachineScaleSets",
                "ultra_ssd_enabled": false,
                "upgrade_settings": [],
                "vm_size": "Standard_D2s_v5",
                "vnet_subnet_id": "/subscriptions/82f6d75e-85f4-434a-ab74-5dddd9fa8910/resourceGroups/rg-spoke-app/providers/Microsoft.Network/virtualNetworks/vnet-spoke-app/subnets/subnet-nodes",
                "workload_runtime": "OCIContainer",
                "zones": [
                  "1",
                  "2",
                  "3"
                ]
              }
            ],
            "disk_encryption_set_id": "",
            "dns_prefix": "aks",
            "dns_prefix_private_cluster": "",
            "edge_zone": "",
            "enable_pod_security_policy": false,
            "fqdn": "aks-1cd0a35e.hcp.westeurope.azmk8s.io",
            "http_application_routing_enabled": false,
            "http_application_routing_zone_name": "",
            "http_proxy_config": [],
            "id": "/subscriptions/82f6d75e-85f4-434a-ab74-5dddd9fa8910/resourceGroups/rg-spoke-aks/providers/Microsoft.ContainerService/managedClusters/aks-cluster",
            "identity": [
              {
                "identity_ids": [
                  "/subscriptions/82f6d75e-85f4-434a-ab74-5dddd9fa8910/resourceGroups/rg-spoke-aks/providers/Microsoft.ManagedIdentity/userAssignedIdentities/identity-aks"
                ],
                "principal_id": "",
                "tenant_id": "",
                "type": "UserAssigned"
              }
            ],
            "image_cleaner_enabled": true,
            "image_cleaner_interval_hours": 24,
            "ingress_application_gateway": [],
            "key_management_service": [],
            "key_vault_secrets_provider": [
              {
                "secret_identity": [
                  {
                    "client_id": "3e1ee52d-c9ba-4e15-9a98-3ec20ef842e4",
                    "object_id": "04b489b1-51e8-4f2e-b951-b14cb9fae3c2",
                    "user_assigned_identity_id": "/subscriptions/82f6d75e-85f4-434a-ab74-5dddd9fa8910/resourcegroups/rg-spoke-aks-nodes/providers/Microsoft.ManagedIdentity/userAssignedIdentities/azurekeyvaultsecretsprovider-aks-cluster"
                  }
                ],
                "secret_rotation_enabled": true,
                "secret_rotation_interval": "2m"
              }
            ],
            "kube_admin_config": [],
            "kube_admin_config_raw": "",
            "kube_config": [
              {
                "client_certificate": "",
                "client_key": "",
                "cluster_ca_certificate": "LS0tLS1CRUdJTiBDRVJUSUZJQ0FURS0tLS0tCk1JSUU2VENDQXRHZ0F3SUJBZ0lSQU1uYXBKejBlUnZVWXQ4eFZyUUJmeTB3RFFZSktvWklodmNOQVFFTEJRQXcKRFRFTE1Ba0dBMVVFQXhNQ1kyRXdJQmNOTWpNd01USTFNRGd3T0RNMVdoZ1BNakExTXpBeE1qVXdPREU0TXpWYQpNQTB4Q3pBSkJnTlZCQU1UQW1OaE1JSUNJakFOQmdrcWhraUc5dzBCQVFFRkFBT0NBZzhBTUlJQ0NnS0NBZ0VBCngvK2xCSnJlSk40UmdnaEFBV21Ubk9ra0JZaVg2dXRnT2o4YWdlOTkwV1BGcExXUlVTT0lkRFpBZDU0eXNnaXIKZVZHaUwxbkU0M0FGNE9ocmRoY1FkU0J3RzVjdzdENmhyTU9HTm5USGFnU2ljOHJBbWpkaGcyVEsxeFJ6ODlsSgpyVEplNTBscDVNL0FvN1FpOTd3Qk1BY24wZzFoclByUTRPRElmMENoYWVVVmc4T3JBclVibmw2NmV4M1RUQ0doCm03NlRqaDYwL3EwNm5DTW50cVFRZ3dRNmFQUzdxcytTUCsrdnBIM3hmNkxwaEhVdDBMVkU1MVd0blpSOWRwQk4KaGJWQnhNL1htNVpQT3I2blIzeWhScEd2NGcvVkZ0eWdvYUsyK3M5VDFwc0NyOXpPVkpXdk1ENDlhV0pyZCttUgpWeXpEa2doN0lPeG5PSTRpMVBUVUxOZllWTGtyckZJS2dsVW5PcDVwaGp1Z2NnMUg4ZzVsTlBvbkNkSEhyWUZOClUrY0E0U1BoSEo3elRQby94TFlUdE1vWHI1U203R0xQRkx3NXgrRHZKYkJEazA1NGZYOWhRYnNBZ0NjR0ppZzMKVFFaZHJKemp4dUtIVWpQZzA4ZnVvV0VBbU1kdkZ2WlhIcC8vQ1cvb3FoSk1Pck15aW5BWSt3R0pabTJ3MUwzUQpwVmtjZDJTQXhlR3EyVTNZMDFpTVJ2OFdVN29nWTJadHRQOTlONExPai9BSFFxTUlnZ015eG9vSkVKY21CWHpVCjNzNW14SzhFVVBISXUxV3BNNGwvTWp3UHErcTFQVzlQTkhLbUxTWHVsUlY2Wjcza0xLUHNMM2VZaUN4YlRXcFoKYWVYYm93UnVCSEdIM2FCZWFtbVBXODkxa04vUFJmcStOL1RjRWRlWEo1MENBd0VBQWFOQ01FQXdEZ1lEVlIwUApBUUgvQkFRREFnS2tNQThHQTFVZEV3RUIvd1FGTUFNQkFmOHdIUVlEVlIwT0JCWUVGSlhyYzZ4ODMxN3lIZ2hGCldMNnMrVXNCS1l3Vk1BMEdDU3FHU0liM0RRRUJDd1VBQTRJQ0FRQW1RRlc3U0p4KzdnZ3hUREROU1JGa3hrdXUKN2ZNbFd2anFWaGIvVFA1VlZqOHNTOXZkbnVMcEk2N1AxY3lLZjF1bUVZZk94SWR0QXNZTnUwU25yWUxBdTdrZApjZDdSdXVjc1JsSkZMUFBXVzl5WkVlWm5CYzBtS3BNNVpCY0c3QzVKajZYSkpKL2hnbmR3NThoQVhBK2gvL08rCmg3R0FHV1c5SU1jbWlaS1l4anVqT2V6UEt4WkdWalc0Z1BTV3ZrTTkzcWJUV2NJSXgrbmxJUzdoUTMvaEFHcjcKTTVQQnBZeSt4R21XQ3JMKzNIUmdlRU1CVVRhS1FRK3J5RlAwSTd6OElZNllYUmJkLzQrYms2VXJra1hOVGlFbwpabmFRakxCdmppclhncnJtMnJCNzFsSVdXSGUxZ05EUnpjWFEzYUhOa1RWcEEyTVRycGlqTmRpWGl4OWVBSUtnCkRoYS9pc3cvVU91cW96TjcwNXVrcTRDbTM2UHZNNDJZWEliSUZpbEx4VUU5VzJGRkpwU3grSldGdnpWV2xOUG8KTHFXM3hTZFNGZzNPVDN4cUNpd1l1bnlZdkg5QzQyNC9kaEE0V0Z2VWp4VlVFN1JLRG1XMEpBWEtIM1ltbnNoVwowSDUydzQ4bGoxVjRuZFhIdnpGQWhlVkx5cTcvdklRWXpZNzc2MXRpemVkK1Q1TXBuUHNaZU0vRExEQTVHbUE5CkpBL3Q4a0Y2eUU2anV3cnE2cEVCbng3QUpIV255Y1J3NExFeVl5TlRrM3lSaVZzdjRnTWNDaVZhbjNlaVBxS0kKTVNORHg2eEFHODN1dUFYVjVvOWFJbTRJU3B5LzkzdmFJMFhYaW5BTFNRMEpCdkZsSkRtTXp6Qm03VzVKZ0pscApYZy9TVUJHZmZaaS82U2ZobHc9PQotLS0tLUVORCBDRVJUSUZJQ0FURS0tLS0tCg==",
                "host": "https://aks-1cd0a35e.hcp.westeurope.azmk8s.io:443",
                "password": "",
                "username": "clusterUser_rg-spoke-aks_aks-cluster"
              }
            ],
            "kube_config_raw": "apiVersion: v1\nclusters:\n- cluster:\n    certificate-authority-data: LS0tLS1CRUdJTiBDRVJUSUZJQ0FURS0tLS0tCk1JSUU2VENDQXRHZ0F3SUJBZ0lSQU1uYXBKejBlUnZVWXQ4eFZyUUJmeTB3RFFZSktvWklodmNOQVFFTEJRQXcKRFRFTE1Ba0dBMVVFQXhNQ1kyRXdJQmNOTWpNd01USTFNRGd3T0RNMVdoZ1BNakExTXpBeE1qVXdPREU0TXpWYQpNQTB4Q3pBSkJnTlZCQU1UQW1OaE1JSUNJakFOQmdrcWhraUc5dzBCQVFFRkFBT0NBZzhBTUlJQ0NnS0NBZ0VBCngvK2xCSnJlSk40UmdnaEFBV21Ubk9ra0JZaVg2dXRnT2o4YWdlOTkwV1BGcExXUlVTT0lkRFpBZDU0eXNnaXIKZVZHaUwxbkU0M0FGNE9ocmRoY1FkU0J3RzVjdzdENmhyTU9HTm5USGFnU2ljOHJBbWpkaGcyVEsxeFJ6ODlsSgpyVEplNTBscDVNL0FvN1FpOTd3Qk1BY24wZzFoclByUTRPRElmMENoYWVVVmc4T3JBclVibmw2NmV4M1RUQ0doCm03NlRqaDYwL3EwNm5DTW50cVFRZ3dRNmFQUzdxcytTUCsrdnBIM3hmNkxwaEhVdDBMVkU1MVd0blpSOWRwQk4KaGJWQnhNL1htNVpQT3I2blIzeWhScEd2NGcvVkZ0eWdvYUsyK3M5VDFwc0NyOXpPVkpXdk1ENDlhV0pyZCttUgpWeXpEa2doN0lPeG5PSTRpMVBUVUxOZllWTGtyckZJS2dsVW5PcDVwaGp1Z2NnMUg4ZzVsTlBvbkNkSEhyWUZOClUrY0E0U1BoSEo3elRQby94TFlUdE1vWHI1U203R0xQRkx3NXgrRHZKYkJEazA1NGZYOWhRYnNBZ0NjR0ppZzMKVFFaZHJKemp4dUtIVWpQZzA4ZnVvV0VBbU1kdkZ2WlhIcC8vQ1cvb3FoSk1Pck15aW5BWSt3R0pabTJ3MUwzUQpwVmtjZDJTQXhlR3EyVTNZMDFpTVJ2OFdVN29nWTJadHRQOTlONExPai9BSFFxTUlnZ015eG9vSkVKY21CWHpVCjNzNW14SzhFVVBISXUxV3BNNGwvTWp3UHErcTFQVzlQTkhLbUxTWHVsUlY2Wjcza0xLUHNMM2VZaUN4YlRXcFoKYWVYYm93UnVCSEdIM2FCZWFtbVBXODkxa04vUFJmcStOL1RjRWRlWEo1MENBd0VBQWFOQ01FQXdEZ1lEVlIwUApBUUgvQkFRREFnS2tNQThHQTFVZEV3RUIvd1FGTUFNQkFmOHdIUVlEVlIwT0JCWUVGSlhyYzZ4ODMxN3lIZ2hGCldMNnMrVXNCS1l3Vk1BMEdDU3FHU0liM0RRRUJDd1VBQTRJQ0FRQW1RRlc3U0p4KzdnZ3hUREROU1JGa3hrdXUKN2ZNbFd2anFWaGIvVFA1VlZqOHNTOXZkbnVMcEk2N1AxY3lLZjF1bUVZZk94SWR0QXNZTnUwU25yWUxBdTdrZApjZDdSdXVjc1JsSkZMUFBXVzl5WkVlWm5CYzBtS3BNNVpCY0c3QzVKajZYSkpKL2hnbmR3NThoQVhBK2gvL08rCmg3R0FHV1c5SU1jbWlaS1l4anVqT2V6UEt4WkdWalc0Z1BTV3ZrTTkzcWJUV2NJSXgrbmxJUzdoUTMvaEFHcjcKTTVQQnBZeSt4R21XQ3JMKzNIUmdlRU1CVVRhS1FRK3J5RlAwSTd6OElZNllYUmJkLzQrYms2VXJra1hOVGlFbwpabmFRakxCdmppclhncnJtMnJCNzFsSVdXSGUxZ05EUnpjWFEzYUhOa1RWcEEyTVRycGlqTmRpWGl4OWVBSUtnCkRoYS9pc3cvVU91cW96TjcwNXVrcTRDbTM2UHZNNDJZWEliSUZpbEx4VUU5VzJGRkpwU3grSldGdnpWV2xOUG8KTHFXM3hTZFNGZzNPVDN4cUNpd1l1bnlZdkg5QzQyNC9kaEE0V0Z2VWp4VlVFN1JLRG1XMEpBWEtIM1ltbnNoVwowSDUydzQ4bGoxVjRuZFhIdnpGQWhlVkx5cTcvdklRWXpZNzc2MXRpemVkK1Q1TXBuUHNaZU0vRExEQTVHbUE5CkpBL3Q4a0Y2eUU2anV3cnE2cEVCbng3QUpIV255Y1J3NExFeVl5TlRrM3lSaVZzdjRnTWNDaVZhbjNlaVBxS0kKTVNORHg2eEFHODN1dUFYVjVvOWFJbTRJU3B5LzkzdmFJMFhYaW5BTFNRMEpCdkZsSkRtTXp6Qm03VzVKZ0pscApYZy9TVUJHZmZaaS82U2ZobHc9PQotLS0tLUVORCBDRVJUSUZJQ0FURS0tLS0tCg==\n    server: https://aks-1cd0a35e.hcp.westeurope.azmk8s.io:443\n  name: aks-cluster\ncontexts:\n- context:\n    cluster: aks-cluster\n    user: clusterUser_rg-spoke-aks_aks-cluster\n  name: aks-cluster\ncurrent-context: aks-cluster\nkind: Config\npreferences: {}\nusers:\n- name: clusterUser_rg-spoke-aks_aks-cluster\n  user:\n    exec:\n      apiVersion: client.authentication.k8s.io/v1beta1\n      args:\n      - get-token\n      - --environment\n      - AzurePublicCloud\n      - --server-id\n      - 6dae42f8-4368-4678-94ff-3960e28e3630\n      - --client-id\n      - 80faf920-1908-4b52-b5ef-a8e7bedfc67a\n      - --tenant-id\n      - 16b3c013-d300-468d-ac64-7eda0820b6d3\n      - --login\n      - devicecode\n      command: kubelogin\n      env: null\n      provideClusterInfo: false\n",
            "kubelet_identity": [
              {
                "client_id": "0f4a82ff-e1da-49f9-a122-e6105daf66f2",
                "object_id": "af90c5c4-c2ca-4d9d-aea6-f227e2323354",
                "user_assigned_identity_id": "/subscriptions/82f6d75e-85f4-434a-ab74-5dddd9fa8910/resourceGroups/rg-spoke-aks/providers/Microsoft.ManagedIdentity/userAssignedIdentities/identity-kubelet"
              }
            ],
            "kubernetes_version": "1.25.4",
            "linux_profile": [],
            "local_account_disabled": true,
            "location": "westeurope",
            "maintenance_window": [
              {
                "allowed": [
                  {
                    "day": "Saturday",
                    "hours": [
                      2,
                      8
                    ]
                  }
                ],
                "not_allowed": []
              }
            ],
            "microsoft_defender": [],
            "monitor_metrics": [],
            "name": "aks-cluster",
            "network_profile": [
              {
                "dns_service_ip": "10.0.0.10",
                "docker_bridge_cidr": "172.17.0.1/16",
                "ebpf_data_plane": "",
                "ip_versions": [
                  "IPv4"
                ],
                "load_balancer_profile": [
                  {
                    "effective_outbound_ips": [
                      "/subscriptions/82f6d75e-85f4-434a-ab74-5dddd9fa8910/resourceGroups/rg-spoke-aks-nodes/providers/Microsoft.Network/publicIPAddresses/a4d5361d-7a31-48a0-8323-f20501ea2583",
                      "/subscriptions/82f6d75e-85f4-434a-ab74-5dddd9fa8910/resourceGroups/rg-spoke-aks-nodes/providers/Microsoft.Network/publicIPAddresses/b5167c1b-4f3b-4ecd-9684-93677dbdde55"
                    ],
                    "idle_timeout_in_minutes": 30,
                    "managed_outbound_ip_count": 2,
                    "managed_outbound_ipv6_count": 0,
                    "outbound_ip_address_ids": [],
                    "outbound_ip_prefix_ids": [],
                    "outbound_ports_allocated": 0
                  }
                ],
                "load_balancer_sku": "standard",
                "nat_gateway_profile": [],
                "network_mode": "",
                "network_plugin": "azure",
                "network_plugin_mode": "",
                "network_policy": "calico",
                "outbound_type": "loadBalancer",
                "pod_cidr": "",
                "pod_cidrs": [],
                "service_cidr": "10.0.0.0/16",
                "service_cidrs": [
                  "10.0.0.0/16"
                ]
              }
            ],
            "node_resource_group": "rg-spoke-aks-nodes",
            "oidc_issuer_enabled": true,
            "oidc_issuer_url": "https://westeurope.oic.prod-aks.azure.com/16b3c013-d300-468d-ac64-7eda0820b6d3/d8ee497c-6321-4503-9a12-28e048e6293d/",
            "oms_agent": [
              {
                "log_analytics_workspace_id": "/subscriptions/82f6d75e-85f4-434a-ab74-5dddd9fa8910/resourceGroups/rg-spoke-app/providers/Microsoft.OperationalInsights/workspaces/loganalyticsforaks011",
                "oms_agent_identity": [
                  {
                    "client_id": "f25abdc1-c2f9-4aff-b195-09d0c8699ea7",
                    "object_id": "907fd3e6-8951-432b-8cc3-15362ea0eeb2",
                    "user_assigned_identity_id": "/subscriptions/82f6d75e-85f4-434a-ab74-5dddd9fa8910/resourcegroups/rg-spoke-aks-nodes/providers/Microsoft.ManagedIdentity/userAssignedIdentities/omsagent-aks-cluster"
                  }
                ]
              }
            ],
            "open_service_mesh_enabled": true,
            "portal_fqdn": "aks-1cd0a35e.portal.hcp.westeurope.azmk8s.io",
            "private_cluster_enabled": false,
            "private_cluster_public_fqdn_enabled": false,
            "private_dns_zone_id": "",
            "private_fqdn": "",
            "public_network_access_enabled": true,
            "resource_group_name": "rg-spoke-aks",
            "role_based_access_control_enabled": true,
            "run_command_enabled": true,
            "service_principal": [],
            "sku_tier": "Free",
            "storage_profile": [],
            "tags": {
              "architecture": "Hub\u0026Spoke",
              "environment": "development",
              "source": "terraform"
            },
            "timeouts": null,
            "web_app_routing": [],
            "windows_profile": [
              {
                "admin_password": "",
                "admin_username": "azureuser",
                "gmsa": [],
                "license": ""
              }
            ],
            "workload_autoscaler_profile": [
              {
                "keda_enabled": true
              }
            ],
            "workload_identity_enabled": true
          },
          "sensitive_attributes": [],
          "private": "eyJlMmJmYjczMC1lY2FhLTExZTYtOGY4OC0zNDM2M2JjN2M0YzAiOnsiY3JlYXRlIjo1NDAwMDAwMDAwMDAwLCJkZWxldGUiOjU0MDAwMDAwMDAwMDAsInJlYWQiOjMwMDAwMDAwMDAwMCwidXBkYXRlIjo1NDAwMDAwMDAwMDAwfSwic2NoZW1hX3ZlcnNpb24iOiIyIn0=",
          "dependencies": [
            "azuread_group.aks_admins",
            "azurerm_application_gateway.appgw",
            "azurerm_log_analytics_workspace.workspace",
            "azurerm_private_dns_zone.private_dns_zone_aks",
            "azurerm_resource_group.rg_spoke_aks",
            "azurerm_subnet.subnet_apiserver",
            "azurerm_subnet.subnet_nodes",
            "azurerm_subnet.subnet_pods",
            "azurerm_user_assigned_identity.identity-kubelet",
            "azurerm_user_assigned_identity.identity_aks",
            "azurerm_virtual_network.vnet_spoke_app",
            "data.azurerm_subscription.subscription_spoke"
          ]
        }
      ]
    },
    {
      "mode": "managed",
      "type": "azurerm_linux_virtual_machine",
      "name": "vm_jumpbox_linux",
      "provider": "provider[\"registry.terraform.io/hashicorp/azurerm\"]",
      "instances": [
        {
          "index_key": 0,
          "schema_version": 0,
          "attributes": {
            "additional_capabilities": [],
            "admin_password": "@Aa123456789",
            "admin_ssh_key": [],
            "admin_username": "houssem",
            "allow_extension_operations": true,
            "availability_set_id": "",
            "boot_diagnostics": [
              {
                "storage_account_uri": ""
              }
            ],
            "capacity_reservation_group_id": "",
            "computer_name": "vm-jumpbox-linux",
            "custom_data": null,
            "dedicated_host_group_id": "",
            "dedicated_host_id": "",
            "disable_password_authentication": false,
            "edge_zone": "",
            "encryption_at_host_enabled": false,
            "eviction_policy": "",
            "extensions_time_budget": "PT1H30M",
            "gallery_application": [],
            "id": "/subscriptions/82f6d75e-85f4-434a-ab74-5dddd9fa8910/resourceGroups/rg-spoke-mgt/providers/Microsoft.Compute/virtualMachines/vm-jumpbox-linux",
            "identity": [
              {
                "identity_ids": [
                  "/subscriptions/82f6d75e-85f4-434a-ab74-5dddd9fa8910/resourceGroups/rg-spoke-mgt/providers/Microsoft.ManagedIdentity/userAssignedIdentities/identity_vm_linux"
                ],
                "principal_id": "",
                "tenant_id": "",
                "type": "UserAssigned"
              }
            ],
            "license_type": "",
            "location": "westeurope",
            "max_bid_price": -1,
            "name": "vm-jumpbox-linux",
            "network_interface_ids": [
              "/subscriptions/82f6d75e-85f4-434a-ab74-5dddd9fa8910/resourceGroups/rg-spoke-mgt/providers/Microsoft.Network/networkInterfaces/nic-vm-jumpbox-linux"
            ],
            "os_disk": [
              {
                "caching": "ReadWrite",
                "diff_disk_settings": [],
                "disk_encryption_set_id": "",
                "disk_size_gb": 30,
                "name": "vm-jumpbox-linux_OsDisk_1_0c0a27bbf9ca458da0edd6f63f568d58",
                "secure_vm_disk_encryption_set_id": "",
                "security_encryption_type": "",
                "storage_account_type": "StandardSSD_LRS",
                "write_accelerator_enabled": false
              }
            ],
            "patch_assessment_mode": "ImageDefault",
            "patch_mode": "ImageDefault",
            "plan": [],
            "platform_fault_domain": -1,
            "priority": "Regular",
            "private_ip_address": "10.2.0.5",
            "private_ip_addresses": [
              "10.2.0.5"
            ],
            "provision_vm_agent": true,
            "proximity_placement_group_id": "",
            "public_ip_address": "",
            "public_ip_addresses": [],
            "resource_group_name": "rg-spoke-mgt",
            "secret": [],
            "secure_boot_enabled": false,
            "size": "Standard_B2s",
            "source_image_id": "",
            "source_image_reference": [
              {
                "offer": "UbuntuServer",
                "publisher": "Canonical",
                "sku": "18.04-LTS",
                "version": "latest"
              }
            ],
            "tags": {},
            "termination_notification": [],
            "timeouts": null,
            "user_data": "",
            "virtual_machine_id": "63b8b533-9e82-4cb4-9144-9821c3b15669",
            "virtual_machine_scale_set_id": "",
            "vtpm_enabled": false,
            "zone": ""
          },
          "sensitive_attributes": [],
          "private": "eyJlMmJmYjczMC1lY2FhLTExZTYtOGY4OC0zNDM2M2JjN2M0YzAiOnsiY3JlYXRlIjoyNzAwMDAwMDAwMDAwLCJkZWxldGUiOjI3MDAwMDAwMDAwMDAsInJlYWQiOjMwMDAwMDAwMDAwMCwidXBkYXRlIjoyNzAwMDAwMDAwMDAwfX0=",
          "dependencies": [
            "azurerm_firewall.firewall",
            "azurerm_firewall_policy.firewall_policy",
            "azurerm_log_analytics_workspace.workspace",
            "azurerm_network_interface.nic_vm_jumpbox_linux",
            "azurerm_public_ip.public_ip_firewall",
            "azurerm_resource_group.rg_hub",
            "azurerm_resource_group.rg_spoke_app",
            "azurerm_resource_group.rg_spoke_mgt",
            "azurerm_subnet.subnet_firewall",
            "azurerm_subnet.subnet_mgt",
            "azurerm_user_assigned_identity.identity_vm_linux",
            "azurerm_virtual_network.vnet_hub",
            "azurerm_virtual_network.vnet_spoke_mgt"
          ]
        }
      ]
    },
    {
      "mode": "managed",
      "type": "azurerm_linux_web_app",
      "name": "webapp_backend",
      "provider": "provider[\"registry.terraform.io/hashicorp/azurerm\"]",
      "instances": [
        {
          "index_key": 0,
          "schema_version": 0,
          "attributes": {
            "app_settings": {},
            "auth_settings": [
              {
                "active_directory": [],
                "additional_login_parameters": {},
                "allowed_external_redirect_urls": [],
                "default_provider": "",
                "enabled": false,
                "facebook": [],
                "github": [],
                "google": [],
                "issuer": "",
                "microsoft": [],
                "runtime_version": "",
                "token_refresh_extension_hours": 0,
                "token_store_enabled": false,
                "twitter": [],
                "unauthenticated_client_action": ""
              }
            ],
            "backup": [],
            "client_affinity_enabled": false,
            "client_certificate_enabled": false,
            "client_certificate_exclusion_paths": "",
            "client_certificate_mode": "Required",
            "connection_string": [],
            "custom_domain_verification_id": "5EB5439D8586817EB60FDE8449E3F1B71E96439447FA9C53144C8FB1985BA85D",
            "default_hostname": "webapp-backend-011.azurewebsites.net",
            "enabled": true,
            "https_only": true,
            "id": "/subscriptions/82f6d75e-85f4-434a-ab74-5dddd9fa8910/resourceGroups/rg-spoke3/providers/Microsoft.Web/sites/webapp-backend-011",
            "identity": [],
            "key_vault_reference_identity_id": "SystemAssigned",
            "kind": "app,linux",
            "location": "westeurope",
            "logs": [],
            "name": "webapp-backend-011",
            "outbound_ip_address_list": [
              "13.80.249.135",
              "40.68.80.231",
              "13.80.249.221",
              "40.114.199.82",
              "40.114.204.68"
            ],
            "outbound_ip_addresses": "13.80.249.135,40.68.80.231,13.80.249.221,40.114.199.82,40.114.204.68",
            "possible_outbound_ip_address_list": [
              "13.69.68.21",
              "13.80.253.213",
              "40.114.206.102",
              "13.80.139.234",
              "13.80.249.180",
              "13.80.249.135",
              "40.68.80.231",
              "13.80.249.221",
              "40.114.199.82",
              "40.114.204.68"
            ],
            "possible_outbound_ip_addresses": "13.69.68.21,13.80.253.213,40.114.206.102,13.80.139.234,13.80.249.180,13.80.249.135,40.68.80.231,13.80.249.221,40.114.199.82,40.114.204.68",
            "resource_group_name": "rg-spoke3",
            "service_plan_id": "/subscriptions/82f6d75e-85f4-434a-ab74-5dddd9fa8910/resourceGroups/rg-spoke3/providers/Microsoft.Web/serverfarms/service-plan",
            "site_config": [
              {
                "always_on": true,
                "api_definition_url": "",
                "api_management_api_id": "",
                "app_command_line": "",
                "application_stack": [
                  {
                    "docker_image": "",
                    "docker_image_tag": "",
                    "dotnet_version": "",
                    "go_version": "",
                    "java_server": "",
                    "java_server_version": "",
                    "java_version": "",
                    "node_version": "",
                    "php_version": "",
                    "python_version": "",
                    "ruby_version": ""
                  }
                ],
                "auto_heal_enabled": false,
                "auto_heal_setting": [],
                "container_registry_managed_identity_client_id": "",
                "container_registry_use_managed_identity": false,
                "cors": [],
                "default_documents": [
                  "Default.htm",
                  "Default.html",
                  "Default.asp",
                  "index.htm",
                  "index.html",
                  "iisstart.htm",
                  "default.aspx",
                  "index.php",
                  "hostingstart.html"
                ],
                "detailed_error_logging_enabled": false,
                "ftps_state": "Disabled",
                "health_check_eviction_time_in_min": 0,
                "health_check_path": "",
                "http2_enabled": false,
                "ip_restriction": [],
                "linux_fx_version": "",
                "load_balancing_mode": "LeastRequests",
                "local_mysql_enabled": false,
                "managed_pipeline_mode": "Integrated",
                "minimum_tls_version": "1.2",
                "remote_debugging_enabled": false,
                "remote_debugging_version": "VS2019",
                "scm_ip_restriction": [],
                "scm_minimum_tls_version": "1.2",
                "scm_type": "None",
                "scm_use_main_ip_restriction": false,
                "use_32_bit_worker": true,
                "vnet_route_all_enabled": false,
                "websockets_enabled": false,
                "worker_count": 1
              }
            ],
            "site_credential": [
              {
                "name": "$webapp-backend-011",
                "password": "pofjKtzXmTghwCrB7Xv1KlhZiphlzwzbbTKj6cQSwzXFlptsD0hBAnfjRAet"
              }
            ],
            "sticky_settings": [],
            "storage_account": [],
            "tags": {},
            "timeouts": null,
            "virtual_network_subnet_id": "",
            "zip_deploy_file": ""
          },
          "sensitive_attributes": [],
          "private": "eyJlMmJmYjczMC1lY2FhLTExZTYtOGY4OC0zNDM2M2JjN2M0YzAiOnsiY3JlYXRlIjoxODAwMDAwMDAwMDAwLCJkZWxldGUiOjE4MDAwMDAwMDAwMDAsInJlYWQiOjMwMDAwMDAwMDAwMCwidXBkYXRlIjoxODAwMDAwMDAwMDAwfX0=",
          "dependencies": [
            "azurerm_resource_group.rg_spoke3",
            "azurerm_service_plan.service_plan"
          ]
        }
      ]
    },
    {
      "mode": "managed",
      "type": "azurerm_linux_web_app",
      "name": "webapp_frontent",
      "provider": "provider[\"registry.terraform.io/hashicorp/azurerm\"]",
      "instances": [
        {
          "index_key": 0,
          "schema_version": 0,
          "attributes": {
            "app_settings": {
              "WEBSITE_DNS_SERVER": "168.63.129.16"
            },
            "auth_settings": [
              {
                "active_directory": [],
                "additional_login_parameters": {},
                "allowed_external_redirect_urls": [],
                "default_provider": "",
                "enabled": false,
                "facebook": [],
                "github": [],
                "google": [],
                "issuer": "",
                "microsoft": [],
                "runtime_version": "",
                "token_refresh_extension_hours": 0,
                "token_store_enabled": false,
                "twitter": [],
                "unauthenticated_client_action": ""
              }
            ],
            "backup": [],
            "client_affinity_enabled": false,
            "client_certificate_enabled": false,
            "client_certificate_exclusion_paths": "",
            "client_certificate_mode": "Required",
            "connection_string": [],
            "custom_domain_verification_id": "5EB5439D8586817EB60FDE8449E3F1B71E96439447FA9C53144C8FB1985BA85D",
            "default_hostname": "webapp-frontent-011.azurewebsites.net",
            "enabled": true,
            "https_only": false,
            "id": "/subscriptions/82f6d75e-85f4-434a-ab74-5dddd9fa8910/resourceGroups/rg-spoke3/providers/Microsoft.Web/sites/webapp-frontent-011",
            "identity": [],
            "key_vault_reference_identity_id": "SystemAssigned",
            "kind": "app,linux",
            "location": "westeurope",
            "logs": [],
            "name": "webapp-frontent-011",
            "outbound_ip_address_list": [
              "13.80.249.135",
              "40.68.80.231",
              "13.80.249.221",
              "40.114.199.82",
              "40.114.204.68"
            ],
            "outbound_ip_addresses": "13.80.249.135,40.68.80.231,13.80.249.221,40.114.199.82,40.114.204.68",
            "possible_outbound_ip_address_list": [
              "13.69.68.21",
              "13.80.253.213",
              "40.114.206.102",
              "13.80.139.234",
              "13.80.249.180",
              "13.80.249.135",
              "40.68.80.231",
              "13.80.249.221",
              "40.114.199.82",
              "40.114.204.68"
            ],
            "possible_outbound_ip_addresses": "13.69.68.21,13.80.253.213,40.114.206.102,13.80.139.234,13.80.249.180,13.80.249.135,40.68.80.231,13.80.249.221,40.114.199.82,40.114.204.68",
            "resource_group_name": "rg-spoke3",
            "service_plan_id": "/subscriptions/82f6d75e-85f4-434a-ab74-5dddd9fa8910/resourceGroups/rg-spoke3/providers/Microsoft.Web/serverfarms/service-plan",
            "site_config": [
              {
                "always_on": true,
                "api_definition_url": "",
                "api_management_api_id": "",
                "app_command_line": "",
                "application_stack": [
                  {
                    "docker_image": "",
                    "docker_image_tag": "",
                    "dotnet_version": "",
                    "go_version": "",
                    "java_server": "",
                    "java_server_version": "",
                    "java_version": "",
                    "node_version": "",
                    "php_version": "",
                    "python_version": "",
                    "ruby_version": ""
                  }
                ],
                "auto_heal_enabled": false,
                "auto_heal_setting": [],
                "container_registry_managed_identity_client_id": "",
                "container_registry_use_managed_identity": false,
                "cors": [],
                "default_documents": [
                  "Default.htm",
                  "Default.html",
                  "Default.asp",
                  "index.htm",
                  "index.html",
                  "iisstart.htm",
                  "default.aspx",
                  "index.php",
                  "hostingstart.html"
                ],
                "detailed_error_logging_enabled": false,
                "ftps_state": "Disabled",
                "health_check_eviction_time_in_min": 0,
                "health_check_path": "",
                "http2_enabled": false,
                "ip_restriction": [],
                "linux_fx_version": "",
                "load_balancing_mode": "LeastRequests",
                "local_mysql_enabled": false,
                "managed_pipeline_mode": "Integrated",
                "minimum_tls_version": "1.2",
                "remote_debugging_enabled": false,
                "remote_debugging_version": "VS2019",
                "scm_ip_restriction": [],
                "scm_minimum_tls_version": "1.2",
                "scm_type": "ExternalGit",
                "scm_use_main_ip_restriction": false,
                "use_32_bit_worker": true,
                "vnet_route_all_enabled": false,
                "websockets_enabled": false,
                "worker_count": 1
              }
            ],
            "site_credential": [
              {
                "name": "$webapp-frontent-011",
                "password": "5HBTmw38oCTHQq97EF5h4oYipcZG3GhWsnEB53bqbPZJbc7lLhqfPgA5S07n"
              }
            ],
            "sticky_settings": [],
            "storage_account": [],
            "tags": {},
            "timeouts": null,
            "virtual_network_subnet_id": "/subscriptions/82f6d75e-85f4-434a-ab74-5dddd9fa8910/resourceGroups/rg-spoke3/providers/Microsoft.Network/virtualNetworks/vnet_spoke3/subnets/snet-vnet-integration",
            "zip_deploy_file": ""
          },
          "sensitive_attributes": [],
          "private": "eyJlMmJmYjczMC1lY2FhLTExZTYtOGY4OC0zNDM2M2JjN2M0YzAiOnsiY3JlYXRlIjoxODAwMDAwMDAwMDAwLCJkZWxldGUiOjE4MDAwMDAwMDAwMDAsInJlYWQiOjMwMDAwMDAwMDAwMCwidXBkYXRlIjoxODAwMDAwMDAwMDAwfX0=",
          "dependencies": [
            "azurerm_firewall.firewall",
            "azurerm_firewall_policy.firewall_policy",
            "azurerm_log_analytics_workspace.workspace",
            "azurerm_public_ip.public_ip_firewall",
            "azurerm_resource_group.rg_hub",
            "azurerm_resource_group.rg_spoke3",
            "azurerm_resource_group.rg_spoke_app",
            "azurerm_service_plan.service_plan",
            "azurerm_subnet.snet_vnet_integration",
            "azurerm_subnet.subnet_firewall",
            "azurerm_virtual_network.vnet_hub",
            "azurerm_virtual_network.vnet_spoke3"
          ]
        }
      ]
    },
    {
      "mode": "managed",
      "type": "azurerm_log_analytics_solution",
      "name": "solution",
      "provider": "provider[\"registry.terraform.io/hashicorp/azurerm\"]",
      "instances": [
        {
          "index_key": 0,
          "schema_version": 1,
          "attributes": {
            "id": "/subscriptions/82f6d75e-85f4-434a-ab74-5dddd9fa8910/resourceGroups/rg-spoke-app/providers/Microsoft.OperationsManagement/solutions/ContainerInsights(loganalyticsforaks011)",
            "location": "westeurope",
            "plan": [
              {
                "name": "ContainerInsights(loganalyticsforaks011)",
                "product": "OMSGallery/ContainerInsights",
                "promotion_code": "",
                "publisher": "Microsoft"
              }
            ],
            "resource_group_name": "rg-spoke-app",
            "solution_name": "ContainerInsights",
            "tags": {
              "architecture": "Hub\u0026Spoke",
              "environment": "development",
              "source": "terraform"
            },
            "timeouts": null,
            "workspace_name": "loganalyticsforaks011",
            "workspace_resource_id": "/subscriptions/82f6d75e-85f4-434a-ab74-5dddd9fa8910/resourceGroups/rg-spoke-app/providers/Microsoft.OperationalInsights/workspaces/loganalyticsforaks011"
          },
          "sensitive_attributes": [],
          "private": "eyJlMmJmYjczMC1lY2FhLTExZTYtOGY4OC0zNDM2M2JjN2M0YzAiOnsiY3JlYXRlIjoxODAwMDAwMDAwMDAwLCJkZWxldGUiOjE4MDAwMDAwMDAwMDAsInJlYWQiOjMwMDAwMDAwMDAwMCwidXBkYXRlIjoxODAwMDAwMDAwMDAwfSwic2NoZW1hX3ZlcnNpb24iOiIxIn0=",
          "dependencies": [
            "azurerm_log_analytics_workspace.workspace",
            "azurerm_resource_group.rg_spoke_app"
          ]
        }
      ]
    },
    {
      "mode": "managed",
      "type": "azurerm_log_analytics_workspace",
      "name": "workspace",
      "provider": "provider[\"registry.terraform.io/hashicorp/azurerm\"]",
      "instances": [
        {
          "index_key": 0,
          "schema_version": 2,
          "attributes": {
            "allow_resource_only_permissions": true,
            "cmk_for_query_forced": false,
            "daily_quota_gb": -1,
            "id": "/subscriptions/82f6d75e-85f4-434a-ab74-5dddd9fa8910/resourceGroups/rg-spoke-app/providers/Microsoft.OperationalInsights/workspaces/loganalyticsforaks011",
            "internet_ingestion_enabled": true,
            "internet_query_enabled": true,
            "location": "westeurope",
            "name": "loganalyticsforaks011",
            "primary_shared_key": "/iMLQyO4TG/tzktbCX8fqBlvnlOP/CS+JWKAdAW7T2EUyjW55MjLrCHjKPeGt5RMyFL6HzT5D2AJ5NU6lG7G1Q==",
            "reservation_capacity_in_gb_per_day": null,
            "resource_group_name": "rg-spoke-app",
            "retention_in_days": 30,
            "secondary_shared_key": "nBO+8biisABOltMYQYBFgh+Gjypz5Ppzjv98MThW1kLfWf64Zn2atlinSWLM+uZ82j/WM06icRcwXyhKznKGMw==",
            "sku": "PerGB2018",
            "tags": {
              "architecture": "Hub\u0026Spoke",
              "environment": "development",
              "source": "terraform"
            },
            "timeouts": null,
            "workspace_id": "ecc2bbd1-a297-4ec4-981c-0fdaa018ea57"
          },
          "sensitive_attributes": [],
          "private": "eyJlMmJmYjczMC1lY2FhLTExZTYtOGY4OC0zNDM2M2JjN2M0YzAiOnsiY3JlYXRlIjoxODAwMDAwMDAwMDAwLCJkZWxldGUiOjE4MDAwMDAwMDAwMDAsInJlYWQiOjMwMDAwMDAwMDAwMCwidXBkYXRlIjoxODAwMDAwMDAwMDAwfSwic2NoZW1hX3ZlcnNpb24iOiIyIn0=",
          "dependencies": [
            "azurerm_resource_group.rg_spoke_app"
          ],
          "create_before_destroy": true
        }
      ]
    },
    {
      "mode": "managed",
      "type": "azurerm_mysql_database",
      "name": "mysql_database",
      "provider": "provider[\"registry.terraform.io/hashicorp/azurerm\"]",
      "instances": [
        {
          "schema_version": 0,
          "attributes": {
            "charset": "utf8",
            "collation": "utf8_unicode_ci",
            "id": "/subscriptions/82f6d75e-85f4-434a-ab74-5dddd9fa8910/resourceGroups/rg-spoke-shared/providers/Microsoft.DBforMySQL/servers/mysqlserver01357/databases/mysqldb",
            "name": "mysqldb",
            "resource_group_name": "rg-spoke-shared",
            "server_name": "mysqlserver01357",
            "timeouts": null
          },
          "sensitive_attributes": [],
          "private": "eyJlMmJmYjczMC1lY2FhLTExZTYtOGY4OC0zNDM2M2JjN2M0YzAiOnsiY3JlYXRlIjozNjAwMDAwMDAwMDAwLCJkZWxldGUiOjM2MDAwMDAwMDAwMDAsInJlYWQiOjMwMDAwMDAwMDAwMCwidXBkYXRlIjozNjAwMDAwMDAwMDAwfX0=",
          "dependencies": [
            "azurerm_mysql_server.mysql",
            "azurerm_resource_group.rg_spoke_shared"
          ]
        }
      ]
    },
    {
      "mode": "managed",
      "type": "azurerm_mysql_server",
      "name": "mysql",
      "provider": "provider[\"registry.terraform.io/hashicorp/azurerm\"]",
      "instances": [
        {
          "schema_version": 0,
          "attributes": {
            "administrator_login": "houssem",
            "administrator_login_password": "@Aa123456789",
            "auto_grow_enabled": true,
            "backup_retention_days": 7,
            "create_mode": "Default",
            "creation_source_server_id": null,
            "fqdn": "mysqlserver01357.mysql.database.azure.com",
            "geo_redundant_backup_enabled": true,
            "id": "/subscriptions/82f6d75e-85f4-434a-ab74-5dddd9fa8910/resourceGroups/rg-spoke-shared/providers/Microsoft.DBforMySQL/servers/mysqlserver01357",
            "identity": [],
            "infrastructure_encryption_enabled": true,
            "location": "westeurope",
            "name": "mysqlserver01357",
            "public_network_access_enabled": false,
            "resource_group_name": "rg-spoke-shared",
            "restore_point_in_time": null,
            "sku_name": "GP_Gen5_2",
            "ssl_enforcement_enabled": true,
            "ssl_minimal_tls_version_enforced": "TLS1_2",
            "storage_mb": 5120,
            "tags": {},
            "threat_detection_policy": [
              {
                "disabled_alerts": [],
                "email_account_admins": false,
                "email_addresses": [],
                "enabled": true,
                "retention_days": 0,
                "storage_account_access_key": "",
                "storage_endpoint": ""
              }
            ],
            "timeouts": null,
            "version": "5.7"
          },
          "sensitive_attributes": [],
          "private": "eyJlMmJmYjczMC1lY2FhLTExZTYtOGY4OC0zNDM2M2JjN2M0YzAiOnsiY3JlYXRlIjozNjAwMDAwMDAwMDAwLCJkZWxldGUiOjM2MDAwMDAwMDAwMDAsInJlYWQiOjMwMDAwMDAwMDAwMCwidXBkYXRlIjozNjAwMDAwMDAwMDAwfX0=",
          "dependencies": [
            "azurerm_resource_group.rg_spoke_shared"
          ]
        }
      ]
    },
    {
      "mode": "managed",
      "type": "azurerm_network_interface",
      "name": "nic_vm_jumpbox_linux",
      "provider": "provider[\"registry.terraform.io/hashicorp/azurerm\"]",
      "instances": [
        {
          "index_key": 0,
          "schema_version": 0,
          "attributes": {
            "applied_dns_servers": [],
            "dns_servers": [],
            "edge_zone": "",
            "enable_accelerated_networking": false,
            "enable_ip_forwarding": false,
            "id": "/subscriptions/82f6d75e-85f4-434a-ab74-5dddd9fa8910/resourceGroups/rg-spoke-mgt/providers/Microsoft.Network/networkInterfaces/nic-vm-jumpbox-linux",
            "internal_dns_name_label": "",
            "internal_domain_name_suffix": "1mc0jr3bb5mehh31xk31h2ei4e.ax.internal.cloudapp.net",
            "ip_configuration": [
              {
                "gateway_load_balancer_frontend_ip_configuration_id": "",
                "name": "internal",
                "primary": true,
                "private_ip_address": "10.2.0.5",
                "private_ip_address_allocation": "Dynamic",
                "private_ip_address_version": "IPv4",
                "public_ip_address_id": "",
                "subnet_id": "/subscriptions/82f6d75e-85f4-434a-ab74-5dddd9fa8910/resourceGroups/rg-spoke-mgt/providers/Microsoft.Network/virtualNetworks/vnet-spoke-mgt/subnets/subnet-mgt"
              }
            ],
            "location": "westeurope",
            "mac_address": "00-22-48-86-39-9C",
            "name": "nic-vm-jumpbox-linux",
            "private_ip_address": "10.2.0.5",
            "private_ip_addresses": [
              "10.2.0.5"
            ],
            "resource_group_name": "rg-spoke-mgt",
            "tags": {},
            "timeouts": null,
            "virtual_machine_id": "/subscriptions/82f6d75e-85f4-434a-ab74-5dddd9fa8910/resourceGroups/rg-spoke-mgt/providers/Microsoft.Compute/virtualMachines/vm-jumpbox-linux"
          },
          "sensitive_attributes": [],
          "private": "eyJlMmJmYjczMC1lY2FhLTExZTYtOGY4OC0zNDM2M2JjN2M0YzAiOnsiY3JlYXRlIjoxODAwMDAwMDAwMDAwLCJkZWxldGUiOjE4MDAwMDAwMDAwMDAsInJlYWQiOjMwMDAwMDAwMDAwMCwidXBkYXRlIjoxODAwMDAwMDAwMDAwfX0=",
          "dependencies": [
            "azurerm_firewall.firewall",
            "azurerm_firewall_policy.firewall_policy",
            "azurerm_log_analytics_workspace.workspace",
            "azurerm_public_ip.public_ip_firewall",
            "azurerm_resource_group.rg_hub",
            "azurerm_resource_group.rg_spoke_app",
            "azurerm_resource_group.rg_spoke_mgt",
            "azurerm_subnet.subnet_firewall",
            "azurerm_subnet.subnet_mgt",
            "azurerm_virtual_network.vnet_hub",
            "azurerm_virtual_network.vnet_spoke_mgt"
          ]
        }
      ]
    },
    {
      "mode": "managed",
      "type": "azurerm_network_interface",
      "name": "nic_vm_jumpbox_windows",
      "provider": "provider[\"registry.terraform.io/hashicorp/azurerm\"]",
      "instances": [
        {
          "index_key": 0,
          "schema_version": 0,
          "attributes": {
            "applied_dns_servers": [],
            "dns_servers": [],
            "edge_zone": "",
            "enable_accelerated_networking": false,
            "enable_ip_forwarding": false,
            "id": "/subscriptions/82f6d75e-85f4-434a-ab74-5dddd9fa8910/resourceGroups/rg-spoke-mgt/providers/Microsoft.Network/networkInterfaces/nic-vm-jumpbox-windows",
            "internal_dns_name_label": "",
            "internal_domain_name_suffix": "1mc0jr3bb5mehh31xk31h2ei4e.ax.internal.cloudapp.net",
            "ip_configuration": [
              {
                "gateway_load_balancer_frontend_ip_configuration_id": "",
                "name": "internal",
                "primary": true,
                "private_ip_address": "10.2.0.4",
                "private_ip_address_allocation": "Dynamic",
                "private_ip_address_version": "IPv4",
                "public_ip_address_id": "",
                "subnet_id": "/subscriptions/82f6d75e-85f4-434a-ab74-5dddd9fa8910/resourceGroups/rg-spoke-mgt/providers/Microsoft.Network/virtualNetworks/vnet-spoke-mgt/subnets/subnet-mgt"
              }
            ],
            "location": "westeurope",
            "mac_address": "00-0D-3A-BC-AF-65",
            "name": "nic-vm-jumpbox-windows",
            "private_ip_address": "10.2.0.4",
            "private_ip_addresses": [
              "10.2.0.4"
            ],
            "resource_group_name": "rg-spoke-mgt",
            "tags": {},
            "timeouts": null,
            "virtual_machine_id": "/subscriptions/82f6d75e-85f4-434a-ab74-5dddd9fa8910/resourceGroups/rg-spoke-mgt/providers/Microsoft.Compute/virtualMachines/vm-jumpbox-win"
          },
          "sensitive_attributes": [],
          "private": "eyJlMmJmYjczMC1lY2FhLTExZTYtOGY4OC0zNDM2M2JjN2M0YzAiOnsiY3JlYXRlIjoxODAwMDAwMDAwMDAwLCJkZWxldGUiOjE4MDAwMDAwMDAwMDAsInJlYWQiOjMwMDAwMDAwMDAwMCwidXBkYXRlIjoxODAwMDAwMDAwMDAwfX0=",
          "dependencies": [
            "azurerm_firewall.firewall",
            "azurerm_firewall_policy.firewall_policy",
            "azurerm_log_analytics_workspace.workspace",
            "azurerm_public_ip.public_ip_firewall",
            "azurerm_resource_group.rg_hub",
            "azurerm_resource_group.rg_spoke_app",
            "azurerm_resource_group.rg_spoke_mgt",
            "azurerm_subnet.subnet_firewall",
            "azurerm_subnet.subnet_mgt",
            "azurerm_virtual_network.vnet_hub",
            "azurerm_virtual_network.vnet_spoke_mgt"
          ]
        }
      ]
    },
    {
      "mode": "managed",
      "type": "azurerm_network_security_group",
      "name": "nsg_subnet_mgt",
      "provider": "provider[\"registry.terraform.io/hashicorp/azurerm\"]",
      "instances": [
        {
          "index_key": 0,
          "schema_version": 0,
          "attributes": {
            "id": "/subscriptions/82f6d75e-85f4-434a-ab74-5dddd9fa8910/resourceGroups/rg-spoke-mgt/providers/Microsoft.Network/networkSecurityGroups/nsg_subnet_mgt",
            "location": "westeurope",
            "name": "nsg_subnet_mgt",
            "resource_group_name": "rg-spoke-mgt",
            "security_rule": [],
            "tags": {
              "architecture": "Hub\u0026Spoke",
              "environment": "development",
              "source": "terraform"
            },
            "timeouts": null
          },
          "sensitive_attributes": [],
          "private": "eyJlMmJmYjczMC1lY2FhLTExZTYtOGY4OC0zNDM2M2JjN2M0YzAiOnsiY3JlYXRlIjoxODAwMDAwMDAwMDAwLCJkZWxldGUiOjE4MDAwMDAwMDAwMDAsInJlYWQiOjMwMDAwMDAwMDAwMCwidXBkYXRlIjoxODAwMDAwMDAwMDAwfX0=",
          "dependencies": [
            "azurerm_resource_group.rg_spoke_mgt"
          ]
        }
      ]
    },
    {
      "mode": "managed",
      "type": "azurerm_network_security_group",
      "name": "nsg_subnet_nodes",
      "provider": "provider[\"registry.terraform.io/hashicorp/azurerm\"]",
      "instances": [
        {
          "index_key": 0,
          "schema_version": 0,
          "attributes": {
            "id": "/subscriptions/82f6d75e-85f4-434a-ab74-5dddd9fa8910/resourceGroups/rg-spoke-aks/providers/Microsoft.Network/networkSecurityGroups/nsg_subnet_nodes",
            "location": "westeurope",
            "name": "nsg_subnet_nodes",
            "resource_group_name": "rg-spoke-aks",
            "security_rule": [],
            "tags": {
              "architecture": "Hub\u0026Spoke",
              "environment": "development",
              "source": "terraform"
            },
            "timeouts": null
          },
          "sensitive_attributes": [],
          "private": "eyJlMmJmYjczMC1lY2FhLTExZTYtOGY4OC0zNDM2M2JjN2M0YzAiOnsiY3JlYXRlIjoxODAwMDAwMDAwMDAwLCJkZWxldGUiOjE4MDAwMDAwMDAwMDAsInJlYWQiOjMwMDAwMDAwMDAwMCwidXBkYXRlIjoxODAwMDAwMDAwMDAwfX0=",
          "dependencies": [
            "azurerm_resource_group.rg_spoke_aks"
          ]
        }
      ]
    },
    {
      "mode": "managed",
      "type": "azurerm_network_security_group",
      "name": "nsg_subnet_pods",
      "provider": "provider[\"registry.terraform.io/hashicorp/azurerm\"]",
      "instances": [
        {
          "index_key": 0,
          "schema_version": 0,
          "attributes": {
            "id": "/subscriptions/82f6d75e-85f4-434a-ab74-5dddd9fa8910/resourceGroups/rg-spoke-aks/providers/Microsoft.Network/networkSecurityGroups/nsg_subnet_pods",
            "location": "westeurope",
            "name": "nsg_subnet_pods",
            "resource_group_name": "rg-spoke-aks",
            "security_rule": [],
            "tags": {
              "architecture": "Hub\u0026Spoke",
              "environment": "development",
              "source": "terraform"
            },
            "timeouts": null
          },
          "sensitive_attributes": [],
          "private": "eyJlMmJmYjczMC1lY2FhLTExZTYtOGY4OC0zNDM2M2JjN2M0YzAiOnsiY3JlYXRlIjoxODAwMDAwMDAwMDAwLCJkZWxldGUiOjE4MDAwMDAwMDAwMDAsInJlYWQiOjMwMDAwMDAwMDAwMCwidXBkYXRlIjoxODAwMDAwMDAwMDAwfX0=",
          "dependencies": [
            "azurerm_resource_group.rg_spoke_aks"
          ]
        }
      ]
    },
    {
      "mode": "managed",
      "type": "azurerm_network_security_group",
      "name": "nsg_subnet_vnet_integration",
      "provider": "provider[\"registry.terraform.io/hashicorp/azurerm\"]",
      "instances": [
        {
          "index_key": 0,
          "schema_version": 0,
          "attributes": {
            "id": "/subscriptions/82f6d75e-85f4-434a-ab74-5dddd9fa8910/resourceGroups/rg-spoke3/providers/Microsoft.Network/networkSecurityGroups/nsg_subnet_vnet_integration",
            "location": "westeurope",
            "name": "nsg_subnet_vnet_integration",
            "resource_group_name": "rg-spoke3",
            "security_rule": [],
            "tags": {
              "architecture": "Hub\u0026Spoke",
              "environment": "development",
              "source": "terraform"
            },
            "timeouts": null
          },
          "sensitive_attributes": [],
          "private": "eyJlMmJmYjczMC1lY2FhLTExZTYtOGY4OC0zNDM2M2JjN2M0YzAiOnsiY3JlYXRlIjoxODAwMDAwMDAwMDAwLCJkZWxldGUiOjE4MDAwMDAwMDAwMDAsInJlYWQiOjMwMDAwMDAwMDAwMCwidXBkYXRlIjoxODAwMDAwMDAwMDAwfX0=",
          "dependencies": [
            "azurerm_resource_group.rg_spoke3"
          ]
        }
      ]
    },
    {
      "mode": "managed",
      "type": "azurerm_network_watcher",
      "name": "network_watcher_regional",
      "provider": "provider[\"registry.terraform.io/hashicorp/azurerm\"]",
      "instances": [
        {
          "index_key": 0,
          "schema_version": 0,
          "attributes": {
            "id": "/subscriptions/82f6d75e-85f4-434a-ab74-5dddd9fa8910/resourceGroups/rg_log_flow/providers/Microsoft.Network/networkWatchers/NetworkWatcher_westeurope",
            "location": "westeurope",
            "name": "NetworkWatcher_westeurope",
            "resource_group_name": "rg_log_flow",
            "tags": {},
            "timeouts": null
          },
          "sensitive_attributes": [],
          "private": "eyJlMmJmYjczMC1lY2FhLTExZTYtOGY4OC0zNDM2M2JjN2M0YzAiOnsiY3JlYXRlIjoxODAwMDAwMDAwMDAwLCJkZWxldGUiOjE4MDAwMDAwMDAwMDAsInJlYWQiOjMwMDAwMDAwMDAwMCwidXBkYXRlIjoxODAwMDAwMDAwMDAwfX0=",
          "dependencies": [
            "azurerm_resource_group.rg_log_flow"
          ]
        }
      ]
    },
    {
      "mode": "managed",
      "type": "azurerm_network_watcher_flow_log",
      "name": "network_flow_logs_nsg_subnet_mgt",
      "provider": "provider[\"registry.terraform.io/hashicorp/azurerm\"]",
      "instances": [
        {
          "index_key": 0,
          "schema_version": 1,
          "attributes": {
            "enabled": true,
            "id": "/subscriptions/82f6d75e-85f4-434a-ab74-5dddd9fa8910/resourceGroups/rg_log_flow/providers/Microsoft.Network/networkWatchers/NetworkWatcher_westeurope/flowLogs/network_flow_logs_nsg_subnet_mgt",
            "location": "westeurope",
            "name": "network_flow_logs_nsg_subnet_mgt",
            "network_security_group_id": "/subscriptions/82f6d75e-85f4-434a-ab74-5dddd9fa8910/resourceGroups/rg-spoke-mgt/providers/Microsoft.Network/networkSecurityGroups/nsg_subnet_mgt",
            "network_watcher_name": "NetworkWatcher_westeurope",
            "resource_group_name": "rg_log_flow",
            "retention_policy": [
              {
                "days": 7,
                "enabled": true
              }
            ],
            "storage_account_id": "/subscriptions/82f6d75e-85f4-434a-ab74-5dddd9fa8910/resourceGroups/rg_log_flow/providers/Microsoft.Storage/storageAccounts/storageforlogs011",
            "tags": {},
            "timeouts": null,
            "traffic_analytics": [
              {
                "enabled": true,
                "interval_in_minutes": 10,
                "workspace_id": "ecc2bbd1-a297-4ec4-981c-0fdaa018ea57",
                "workspace_region": "westeurope",
                "workspace_resource_id": "/subscriptions/82f6d75e-85f4-434a-ab74-5dddd9fa8910/resourceGroups/rg-spoke-app/providers/Microsoft.OperationalInsights/workspaces/loganalyticsforaks011"
              }
            ],
            "version": 2
          },
          "sensitive_attributes": [],
          "private": "eyJlMmJmYjczMC1lY2FhLTExZTYtOGY4OC0zNDM2M2JjN2M0YzAiOnsiY3JlYXRlIjoxODAwMDAwMDAwMDAwLCJkZWxldGUiOjE4MDAwMDAwMDAwMDAsInJlYWQiOjMwMDAwMDAwMDAwMCwidXBkYXRlIjoxODAwMDAwMDAwMDAwfSwic2NoZW1hX3ZlcnNpb24iOiIxIn0=",
          "dependencies": [
            "azurerm_log_analytics_workspace.workspace",
            "azurerm_network_security_group.nsg_subnet_mgt",
            "azurerm_network_watcher.network_watcher_regional",
            "azurerm_resource_group.rg_log_flow",
            "azurerm_resource_group.rg_spoke_app",
            "azurerm_resource_group.rg_spoke_mgt",
            "azurerm_storage_account.network_log_data"
          ]
        }
      ]
    },
    {
      "mode": "managed",
      "type": "azurerm_network_watcher_flow_log",
      "name": "network_flow_logs_nsg_subnet_nodes",
      "provider": "provider[\"registry.terraform.io/hashicorp/azurerm\"]",
      "instances": [
        {
          "index_key": 0,
          "schema_version": 1,
          "attributes": {
            "enabled": true,
            "id": "/subscriptions/82f6d75e-85f4-434a-ab74-5dddd9fa8910/resourceGroups/rg_log_flow/providers/Microsoft.Network/networkWatchers/NetworkWatcher_westeurope/flowLogs/network_flow_logs_nsg_subnet_nodes",
            "location": "westeurope",
            "name": "network_flow_logs_nsg_subnet_nodes",
            "network_security_group_id": "/subscriptions/82f6d75e-85f4-434a-ab74-5dddd9fa8910/resourceGroups/rg-spoke-aks/providers/Microsoft.Network/networkSecurityGroups/nsg_subnet_nodes",
            "network_watcher_name": "NetworkWatcher_westeurope",
            "resource_group_name": "rg_log_flow",
            "retention_policy": [
              {
                "days": 7,
                "enabled": true
              }
            ],
            "storage_account_id": "/subscriptions/82f6d75e-85f4-434a-ab74-5dddd9fa8910/resourceGroups/rg_log_flow/providers/Microsoft.Storage/storageAccounts/storageforlogs011",
            "tags": {},
            "timeouts": null,
            "traffic_analytics": [
              {
                "enabled": true,
                "interval_in_minutes": 10,
                "workspace_id": "ecc2bbd1-a297-4ec4-981c-0fdaa018ea57",
                "workspace_region": "westeurope",
                "workspace_resource_id": "/subscriptions/82f6d75e-85f4-434a-ab74-5dddd9fa8910/resourceGroups/rg-spoke-app/providers/Microsoft.OperationalInsights/workspaces/loganalyticsforaks011"
              }
            ],
            "version": 2
          },
          "sensitive_attributes": [],
          "private": "eyJlMmJmYjczMC1lY2FhLTExZTYtOGY4OC0zNDM2M2JjN2M0YzAiOnsiY3JlYXRlIjoxODAwMDAwMDAwMDAwLCJkZWxldGUiOjE4MDAwMDAwMDAwMDAsInJlYWQiOjMwMDAwMDAwMDAwMCwidXBkYXRlIjoxODAwMDAwMDAwMDAwfSwic2NoZW1hX3ZlcnNpb24iOiIxIn0=",
          "dependencies": [
            "azurerm_log_analytics_workspace.workspace",
            "azurerm_network_security_group.nsg_subnet_nodes",
            "azurerm_network_watcher.network_watcher_regional",
            "azurerm_resource_group.rg_log_flow",
            "azurerm_resource_group.rg_spoke_aks",
            "azurerm_resource_group.rg_spoke_app",
            "azurerm_storage_account.network_log_data"
          ]
        }
      ]
    },
    {
      "mode": "managed",
      "type": "azurerm_network_watcher_flow_log",
      "name": "network_flow_logs_nsg_subnet_pods",
      "provider": "provider[\"registry.terraform.io/hashicorp/azurerm\"]",
      "instances": [
        {
          "index_key": 0,
          "schema_version": 1,
          "attributes": {
            "enabled": true,
            "id": "/subscriptions/82f6d75e-85f4-434a-ab74-5dddd9fa8910/resourceGroups/rg_log_flow/providers/Microsoft.Network/networkWatchers/NetworkWatcher_westeurope/flowLogs/network_flow_logs_nsg_subnet_pods",
            "location": "westeurope",
            "name": "network_flow_logs_nsg_subnet_pods",
            "network_security_group_id": "/subscriptions/82f6d75e-85f4-434a-ab74-5dddd9fa8910/resourceGroups/rg-spoke-aks/providers/Microsoft.Network/networkSecurityGroups/nsg_subnet_pods",
            "network_watcher_name": "NetworkWatcher_westeurope",
            "resource_group_name": "rg_log_flow",
            "retention_policy": [
              {
                "days": 7,
                "enabled": true
              }
            ],
            "storage_account_id": "/subscriptions/82f6d75e-85f4-434a-ab74-5dddd9fa8910/resourceGroups/rg_log_flow/providers/Microsoft.Storage/storageAccounts/storageforlogs011",
            "tags": {},
            "timeouts": null,
            "traffic_analytics": [
              {
                "enabled": true,
                "interval_in_minutes": 10,
                "workspace_id": "ecc2bbd1-a297-4ec4-981c-0fdaa018ea57",
                "workspace_region": "westeurope",
                "workspace_resource_id": "/subscriptions/82f6d75e-85f4-434a-ab74-5dddd9fa8910/resourceGroups/rg-spoke-app/providers/Microsoft.OperationalInsights/workspaces/loganalyticsforaks011"
              }
            ],
            "version": 2
          },
          "sensitive_attributes": [],
          "private": "eyJlMmJmYjczMC1lY2FhLTExZTYtOGY4OC0zNDM2M2JjN2M0YzAiOnsiY3JlYXRlIjoxODAwMDAwMDAwMDAwLCJkZWxldGUiOjE4MDAwMDAwMDAwMDAsInJlYWQiOjMwMDAwMDAwMDAwMCwidXBkYXRlIjoxODAwMDAwMDAwMDAwfSwic2NoZW1hX3ZlcnNpb24iOiIxIn0=",
          "dependencies": [
            "azurerm_log_analytics_workspace.workspace",
            "azurerm_network_security_group.nsg_subnet_pods",
            "azurerm_network_watcher.network_watcher_regional",
            "azurerm_resource_group.rg_log_flow",
            "azurerm_resource_group.rg_spoke_aks",
            "azurerm_resource_group.rg_spoke_app",
            "azurerm_storage_account.network_log_data"
          ]
        }
      ]
    },
    {
      "mode": "managed",
      "type": "azurerm_network_watcher_flow_log",
      "name": "network_flow_logs_nsg_subnet_vnet_integration",
      "provider": "provider[\"registry.terraform.io/hashicorp/azurerm\"]",
      "instances": [
        {
          "index_key": 0,
          "schema_version": 1,
          "attributes": {
            "enabled": true,
            "id": "/subscriptions/82f6d75e-85f4-434a-ab74-5dddd9fa8910/resourceGroups/rg_log_flow/providers/Microsoft.Network/networkWatchers/NetworkWatcher_westeurope/flowLogs/network_flow_logs_nsg_subnet_vnet_integration",
            "location": "westeurope",
            "name": "network_flow_logs_nsg_subnet_vnet_integration",
            "network_security_group_id": "/subscriptions/82f6d75e-85f4-434a-ab74-5dddd9fa8910/resourceGroups/rg-spoke3/providers/Microsoft.Network/networkSecurityGroups/nsg_subnet_vnet_integration",
            "network_watcher_name": "NetworkWatcher_westeurope",
            "resource_group_name": "rg_log_flow",
            "retention_policy": [
              {
                "days": 7,
                "enabled": true
              }
            ],
            "storage_account_id": "/subscriptions/82f6d75e-85f4-434a-ab74-5dddd9fa8910/resourceGroups/rg_log_flow/providers/Microsoft.Storage/storageAccounts/storageforlogs011",
            "tags": {},
            "timeouts": null,
            "traffic_analytics": [
              {
                "enabled": true,
                "interval_in_minutes": 10,
                "workspace_id": "ecc2bbd1-a297-4ec4-981c-0fdaa018ea57",
                "workspace_region": "westeurope",
                "workspace_resource_id": "/subscriptions/82f6d75e-85f4-434a-ab74-5dddd9fa8910/resourceGroups/rg-spoke-app/providers/Microsoft.OperationalInsights/workspaces/loganalyticsforaks011"
              }
            ],
            "version": 2
          },
          "sensitive_attributes": [],
          "private": "eyJlMmJmYjczMC1lY2FhLTExZTYtOGY4OC0zNDM2M2JjN2M0YzAiOnsiY3JlYXRlIjoxODAwMDAwMDAwMDAwLCJkZWxldGUiOjE4MDAwMDAwMDAwMDAsInJlYWQiOjMwMDAwMDAwMDAwMCwidXBkYXRlIjoxODAwMDAwMDAwMDAwfSwic2NoZW1hX3ZlcnNpb24iOiIxIn0=",
          "dependencies": [
            "azurerm_log_analytics_workspace.workspace",
            "azurerm_network_security_group.nsg_subnet_vnet_integration",
            "azurerm_network_watcher.network_watcher_regional",
            "azurerm_resource_group.rg_log_flow",
            "azurerm_resource_group.rg_spoke3",
            "azurerm_resource_group.rg_spoke_app",
            "azurerm_storage_account.network_log_data"
          ]
        }
      ]
    },
    {
      "mode": "managed",
      "type": "azurerm_private_dns_zone",
      "name": "dnsprivatezone",
      "provider": "provider[\"registry.terraform.io/hashicorp/azurerm\"]",
      "instances": [
        {
          "index_key": 0,
          "schema_version": 0,
          "attributes": {
            "id": "/subscriptions/82f6d75e-85f4-434a-ab74-5dddd9fa8910/resourceGroups/rg-spoke3/providers/Microsoft.Network/privateDnsZones/privatelink.azurewebsites.net",
            "max_number_of_record_sets": 25000,
            "max_number_of_virtual_network_links": 1000,
            "max_number_of_virtual_network_links_with_registration": 100,
            "name": "privatelink.azurewebsites.net",
            "number_of_record_sets": 3,
            "resource_group_name": "rg-spoke3",
            "soa_record": [
              {
                "email": "azureprivatedns-host.microsoft.com",
                "expire_time": 2419200,
                "fqdn": "privatelink.azurewebsites.net.",
                "host_name": "azureprivatedns.net",
                "minimum_ttl": 10,
                "refresh_time": 3600,
                "retry_time": 300,
                "serial_number": 1,
                "tags": {},
                "ttl": 3600
              }
            ],
            "tags": {},
            "timeouts": null
          },
          "sensitive_attributes": [],
          "private": "eyJlMmJmYjczMC1lY2FhLTExZTYtOGY4OC0zNDM2M2JjN2M0YzAiOnsiY3JlYXRlIjoxODAwMDAwMDAwMDAwLCJkZWxldGUiOjE4MDAwMDAwMDAwMDAsInJlYWQiOjMwMDAwMDAwMDAwMCwidXBkYXRlIjoxODAwMDAwMDAwMDAwfX0=",
          "dependencies": [
            "azurerm_resource_group.rg_spoke3"
          ]
        }
      ]
    },
    {
      "mode": "managed",
      "type": "azurerm_private_dns_zone",
      "name": "private_dns_zone_acr",
      "provider": "provider[\"registry.terraform.io/hashicorp/azurerm\"]",
      "instances": [
        {
          "index_key": 0,
          "schema_version": 0,
          "attributes": {
            "id": "/subscriptions/82f6d75e-85f4-434a-ab74-5dddd9fa8910/resourceGroups/rg-spoke-app/providers/Microsoft.Network/privateDnsZones/privatelink.azurecr.io",
            "max_number_of_record_sets": 25000,
            "max_number_of_virtual_network_links": 1000,
            "max_number_of_virtual_network_links_with_registration": 100,
            "name": "privatelink.azurecr.io",
            "number_of_record_sets": 3,
            "resource_group_name": "rg-spoke-app",
            "soa_record": [
              {
                "email": "azureprivatedns-host.microsoft.com",
                "expire_time": 2419200,
                "fqdn": "privatelink.azurecr.io.",
                "host_name": "azureprivatedns.net",
                "minimum_ttl": 10,
                "refresh_time": 3600,
                "retry_time": 300,
                "serial_number": 1,
                "tags": {},
                "ttl": 3600
              }
            ],
            "tags": {
              "architecture": "Hub\u0026Spoke",
              "environment": "development",
              "source": "terraform"
            },
            "timeouts": null
          },
          "sensitive_attributes": [],
          "private": "eyJlMmJmYjczMC1lY2FhLTExZTYtOGY4OC0zNDM2M2JjN2M0YzAiOnsiY3JlYXRlIjoxODAwMDAwMDAwMDAwLCJkZWxldGUiOjE4MDAwMDAwMDAwMDAsInJlYWQiOjMwMDAwMDAwMDAwMCwidXBkYXRlIjoxODAwMDAwMDAwMDAwfX0=",
          "dependencies": [
            "azurerm_resource_group.rg_spoke_app"
          ]
        }
      ]
    },
    {
      "mode": "managed",
      "type": "azurerm_private_dns_zone",
      "name": "private_dns_zone_keyvault",
      "provider": "provider[\"registry.terraform.io/hashicorp/azurerm\"]",
      "instances": [
        {
          "index_key": 0,
          "schema_version": 0,
          "attributes": {
            "id": "/subscriptions/82f6d75e-85f4-434a-ab74-5dddd9fa8910/resourceGroups/rg-spoke-app/providers/Microsoft.Network/privateDnsZones/privatelink.vaultcore.azure.net",
            "max_number_of_record_sets": 25000,
            "max_number_of_virtual_network_links": 1000,
            "max_number_of_virtual_network_links_with_registration": 100,
            "name": "privatelink.vaultcore.azure.net",
            "number_of_record_sets": 2,
            "resource_group_name": "rg-spoke-app",
            "soa_record": [
              {
                "email": "azureprivatedns-host.microsoft.com",
                "expire_time": 2419200,
                "fqdn": "privatelink.vaultcore.azure.net.",
                "host_name": "azureprivatedns.net",
                "minimum_ttl": 10,
                "refresh_time": 3600,
                "retry_time": 300,
                "serial_number": 1,
                "tags": {},
                "ttl": 3600
              }
            ],
            "tags": {
              "architecture": "Hub\u0026Spoke",
              "environment": "development",
              "source": "terraform"
            },
            "timeouts": null
          },
          "sensitive_attributes": [],
          "private": "eyJlMmJmYjczMC1lY2FhLTExZTYtOGY4OC0zNDM2M2JjN2M0YzAiOnsiY3JlYXRlIjoxODAwMDAwMDAwMDAwLCJkZWxldGUiOjE4MDAwMDAwMDAwMDAsInJlYWQiOjMwMDAwMDAwMDAwMCwidXBkYXRlIjoxODAwMDAwMDAwMDAwfX0=",
          "dependencies": [
            "azurerm_resource_group.rg_spoke_app"
          ]
        }
      ]
    },
    {
      "mode": "managed",
      "type": "azurerm_private_dns_zone",
      "name": "private_dns_zone_storage",
      "provider": "provider[\"registry.terraform.io/hashicorp/azurerm\"]",
      "instances": [
        {
          "index_key": 0,
          "schema_version": 0,
          "attributes": {
            "id": "/subscriptions/82f6d75e-85f4-434a-ab74-5dddd9fa8910/resourceGroups/rg-spoke-app/providers/Microsoft.Network/privateDnsZones/privatelink.blob.core.windows.net",
            "max_number_of_record_sets": 25000,
            "max_number_of_virtual_network_links": 1000,
            "max_number_of_virtual_network_links_with_registration": 100,
            "name": "privatelink.blob.core.windows.net",
            "number_of_record_sets": 2,
            "resource_group_name": "rg-spoke-app",
            "soa_record": [
              {
                "email": "azureprivatedns-host.microsoft.com",
                "expire_time": 2419200,
                "fqdn": "privatelink.blob.core.windows.net.",
                "host_name": "azureprivatedns.net",
                "minimum_ttl": 10,
                "refresh_time": 3600,
                "retry_time": 300,
                "serial_number": 1,
                "tags": {},
                "ttl": 3600
              }
            ],
            "tags": {},
            "timeouts": null
          },
          "sensitive_attributes": [],
          "private": "eyJlMmJmYjczMC1lY2FhLTExZTYtOGY4OC0zNDM2M2JjN2M0YzAiOnsiY3JlYXRlIjoxODAwMDAwMDAwMDAwLCJkZWxldGUiOjE4MDAwMDAwMDAwMDAsInJlYWQiOjMwMDAwMDAwMDAwMCwidXBkYXRlIjoxODAwMDAwMDAwMDAwfX0=",
          "dependencies": [
            "azurerm_resource_group.rg_spoke_app"
          ]
        }
      ]
    },
    {
      "mode": "managed",
      "type": "azurerm_private_dns_zone_virtual_network_link",
      "name": "dnszonelink",
      "provider": "provider[\"registry.terraform.io/hashicorp/azurerm\"]",
      "instances": [
        {
          "index_key": 0,
          "schema_version": 0,
          "attributes": {
            "id": "/subscriptions/82f6d75e-85f4-434a-ab74-5dddd9fa8910/resourceGroups/rg-spoke3/providers/Microsoft.Network/privateDnsZones/privatelink.azurewebsites.net/virtualNetworkLinks/dnszonelink",
            "name": "dnszonelink",
            "private_dns_zone_name": "privatelink.azurewebsites.net",
            "registration_enabled": false,
            "resource_group_name": "rg-spoke3",
            "tags": {},
            "timeouts": null,
            "virtual_network_id": "/subscriptions/82f6d75e-85f4-434a-ab74-5dddd9fa8910/resourceGroups/rg-spoke3/providers/Microsoft.Network/virtualNetworks/vnet_spoke3"
          },
          "sensitive_attributes": [],
          "private": "eyJlMmJmYjczMC1lY2FhLTExZTYtOGY4OC0zNDM2M2JjN2M0YzAiOnsiY3JlYXRlIjoxODAwMDAwMDAwMDAwLCJkZWxldGUiOjE4MDAwMDAwMDAwMDAsInJlYWQiOjMwMDAwMDAwMDAwMCwidXBkYXRlIjoxODAwMDAwMDAwMDAwfX0=",
          "dependencies": [
            "azurerm_firewall.firewall",
            "azurerm_firewall_policy.firewall_policy",
            "azurerm_log_analytics_workspace.workspace",
            "azurerm_private_dns_zone.dnsprivatezone",
            "azurerm_public_ip.public_ip_firewall",
            "azurerm_resource_group.rg_hub",
            "azurerm_resource_group.rg_spoke3",
            "azurerm_resource_group.rg_spoke_app",
            "azurerm_subnet.subnet_firewall",
            "azurerm_virtual_network.vnet_hub",
            "azurerm_virtual_network.vnet_spoke3"
          ]
        }
      ]
    },
    {
      "mode": "managed",
      "type": "azurerm_private_dns_zone_virtual_network_link",
      "name": "link_private_dns_zone_acr_to_vnet_hub",
      "provider": "provider[\"registry.terraform.io/hashicorp/azurerm\"]",
      "instances": [
        {
          "index_key": 0,
          "schema_version": 0,
          "attributes": {
            "id": "/subscriptions/82f6d75e-85f4-434a-ab74-5dddd9fa8910/resourceGroups/rg-spoke-app/providers/Microsoft.Network/privateDnsZones/privatelink.azurecr.io/virtualNetworkLinks/link_private_dns_zone_acr_to_vnet_hub",
            "name": "link_private_dns_zone_acr_to_vnet_hub",
            "private_dns_zone_name": "privatelink.azurecr.io",
            "registration_enabled": false,
            "resource_group_name": "rg-spoke-app",
            "tags": {},
            "timeouts": null,
            "virtual_network_id": "/subscriptions/82f6d75e-85f4-434a-ab74-5dddd9fa8910/resourceGroups/rg-hub/providers/Microsoft.Network/virtualNetworks/vnet-hub"
          },
          "sensitive_attributes": [],
          "private": "eyJlMmJmYjczMC1lY2FhLTExZTYtOGY4OC0zNDM2M2JjN2M0YzAiOnsiY3JlYXRlIjoxODAwMDAwMDAwMDAwLCJkZWxldGUiOjE4MDAwMDAwMDAwMDAsInJlYWQiOjMwMDAwMDAwMDAwMCwidXBkYXRlIjoxODAwMDAwMDAwMDAwfX0=",
          "dependencies": [
            "azurerm_private_dns_zone.private_dns_zone_acr",
            "azurerm_resource_group.rg_hub",
            "azurerm_resource_group.rg_spoke_app",
            "azurerm_virtual_network.vnet_hub"
          ]
        }
      ]
    },
    {
      "mode": "managed",
      "type": "azurerm_private_dns_zone_virtual_network_link",
      "name": "link_private_dns_zone_keyvault_to_vnet_hub",
      "provider": "provider[\"registry.terraform.io/hashicorp/azurerm\"]",
      "instances": [
        {
          "index_key": 0,
          "schema_version": 0,
          "attributes": {
            "id": "/subscriptions/82f6d75e-85f4-434a-ab74-5dddd9fa8910/resourceGroups/rg-spoke-app/providers/Microsoft.Network/privateDnsZones/privatelink.vaultcore.azure.net/virtualNetworkLinks/link_private_dns_zone_keyvault_to_vnet_hub",
            "name": "link_private_dns_zone_keyvault_to_vnet_hub",
            "private_dns_zone_name": "privatelink.vaultcore.azure.net",
            "registration_enabled": false,
            "resource_group_name": "rg-spoke-app",
            "tags": {},
            "timeouts": null,
            "virtual_network_id": "/subscriptions/82f6d75e-85f4-434a-ab74-5dddd9fa8910/resourceGroups/rg-hub/providers/Microsoft.Network/virtualNetworks/vnet-hub"
          },
          "sensitive_attributes": [],
          "private": "eyJlMmJmYjczMC1lY2FhLTExZTYtOGY4OC0zNDM2M2JjN2M0YzAiOnsiY3JlYXRlIjoxODAwMDAwMDAwMDAwLCJkZWxldGUiOjE4MDAwMDAwMDAwMDAsInJlYWQiOjMwMDAwMDAwMDAwMCwidXBkYXRlIjoxODAwMDAwMDAwMDAwfX0=",
          "dependencies": [
            "azurerm_private_dns_zone.private_dns_zone_keyvault",
            "azurerm_resource_group.rg_hub",
            "azurerm_resource_group.rg_spoke_app",
            "azurerm_virtual_network.vnet_hub"
          ]
        }
      ]
    },
    {
      "mode": "managed",
      "type": "azurerm_private_dns_zone_virtual_network_link",
      "name": "private_dns_zone_storage_link_hub",
      "provider": "provider[\"registry.terraform.io/hashicorp/azurerm\"]",
      "instances": [
        {
          "index_key": 0,
          "schema_version": 0,
          "attributes": {
            "id": "/subscriptions/82f6d75e-85f4-434a-ab74-5dddd9fa8910/resourceGroups/rg-spoke-app/providers/Microsoft.Network/privateDnsZones/privatelink.blob.core.windows.net/virtualNetworkLinks/private_dns_zone_storage_link_hub",
            "name": "private_dns_zone_storage_link_hub",
            "private_dns_zone_name": "privatelink.blob.core.windows.net",
            "registration_enabled": false,
            "resource_group_name": "rg-spoke-app",
            "tags": {},
            "timeouts": null,
            "virtual_network_id": "/subscriptions/82f6d75e-85f4-434a-ab74-5dddd9fa8910/resourceGroups/rg-hub/providers/Microsoft.Network/virtualNetworks/vnet-hub"
          },
          "sensitive_attributes": [],
          "private": "eyJlMmJmYjczMC1lY2FhLTExZTYtOGY4OC0zNDM2M2JjN2M0YzAiOnsiY3JlYXRlIjoxODAwMDAwMDAwMDAwLCJkZWxldGUiOjE4MDAwMDAwMDAwMDAsInJlYWQiOjMwMDAwMDAwMDAwMCwidXBkYXRlIjoxODAwMDAwMDAwMDAwfX0=",
          "dependencies": [
            "azurerm_private_dns_zone.private_dns_zone_storage",
            "azurerm_resource_group.rg_hub",
            "azurerm_resource_group.rg_spoke_app",
            "azurerm_virtual_network.vnet_hub"
          ]
        }
      ]
    },
    {
      "mode": "managed",
      "type": "azurerm_private_endpoint",
      "name": "pe_acr",
      "provider": "provider[\"registry.terraform.io/hashicorp/azurerm\"]",
      "instances": [
        {
          "index_key": 0,
          "schema_version": 0,
          "attributes": {
            "custom_dns_configs": [],
            "custom_network_interface_name": "",
            "id": "/subscriptions/82f6d75e-85f4-434a-ab74-5dddd9fa8910/resourceGroups/rg-spoke-app/providers/Microsoft.Network/privateEndpoints/private-endpoint-acr",
            "ip_configuration": [],
            "location": "westeurope",
            "name": "private-endpoint-acr",
            "network_interface": [
              {
                "id": "/subscriptions/82f6d75e-85f4-434a-ab74-5dddd9fa8910/resourceGroups/rg-spoke-app/providers/Microsoft.Network/networkInterfaces/private-endpoint-acr.nic.834ff4c6-2580-4020-aeef-9e0c01dd166d",
                "name": "private-endpoint-acr.nic.834ff4c6-2580-4020-aeef-9e0c01dd166d"
              }
            ],
            "private_dns_zone_configs": [
              {
                "id": "/subscriptions/82f6d75e-85f4-434a-ab74-5dddd9fa8910/resourceGroups/rg-spoke-app/providers/Microsoft.Network/privateEndpoints/private-endpoint-acr/privateDnsZoneGroups/private-dns-zone-group-acr/privateDnsZoneConfigs/privatelink.azurecr.io",
                "name": "privatelink.azurecr.io",
                "private_dns_zone_id": "/subscriptions/82f6d75e-85f4-434a-ab74-5dddd9fa8910/resourceGroups/rg-spoke-app/providers/Microsoft.Network/privateDnsZones/privatelink.azurecr.io",
                "record_sets": [
                  {
                    "fqdn": "acrforakstf013.westeurope.data.privatelink.azurecr.io",
                    "ip_addresses": [
                      "10.1.2.5"
                    ],
                    "name": "acrforakstf013.westeurope.data",
                    "ttl": 10,
                    "type": "A"
                  },
                  {
                    "fqdn": "acrforakstf013.privatelink.azurecr.io",
                    "ip_addresses": [
                      "10.1.2.6"
                    ],
                    "name": "acrforakstf013",
                    "ttl": 10,
                    "type": "A"
                  }
                ]
              }
            ],
            "private_dns_zone_group": [
              {
                "id": "/subscriptions/82f6d75e-85f4-434a-ab74-5dddd9fa8910/resourceGroups/rg-spoke-app/providers/Microsoft.Network/privateEndpoints/private-endpoint-acr/privateDnsZoneGroups/private-dns-zone-group-acr",
                "name": "private-dns-zone-group-acr",
                "private_dns_zone_ids": [
                  "/subscriptions/82f6d75e-85f4-434a-ab74-5dddd9fa8910/resourceGroups/rg-spoke-app/providers/Microsoft.Network/privateDnsZones/privatelink.azurecr.io"
                ]
              }
            ],
            "private_service_connection": [
              {
                "is_manual_connection": false,
                "name": "connection-acr",
                "private_connection_resource_alias": "",
                "private_connection_resource_id": "/subscriptions/82f6d75e-85f4-434a-ab74-5dddd9fa8910/resourceGroups/rg-spoke-app/providers/Microsoft.ContainerRegistry/registries/acrforakstf013",
                "private_ip_address": "10.1.2.5",
                "request_message": "",
                "subresource_names": [
                  "registry"
                ]
              }
            ],
            "resource_group_name": "rg-spoke-app",
            "subnet_id": "/subscriptions/82f6d75e-85f4-434a-ab74-5dddd9fa8910/resourceGroups/rg-spoke-app/providers/Microsoft.Network/virtualNetworks/vnet-spoke-app/subnets/subnet-pe",
            "tags": {
              "architecture": "Hub\u0026Spoke",
              "environment": "development",
              "source": "terraform"
            },
            "timeouts": null
          },
          "sensitive_attributes": [],
          "private": "eyJlMmJmYjczMC1lY2FhLTExZTYtOGY4OC0zNDM2M2JjN2M0YzAiOnsiY3JlYXRlIjozNjAwMDAwMDAwMDAwLCJkZWxldGUiOjM2MDAwMDAwMDAwMDAsInJlYWQiOjMwMDAwMDAwMDAwMCwidXBkYXRlIjozNjAwMDAwMDAwMDAwfX0=",
          "dependencies": [
            "azurerm_container_registry.acr",
            "azurerm_firewall.firewall",
            "azurerm_firewall_policy.firewall_policy",
            "azurerm_log_analytics_workspace.workspace",
            "azurerm_private_dns_zone.private_dns_zone_acr",
            "azurerm_public_ip.public_ip_firewall",
            "azurerm_resource_group.rg_hub",
            "azurerm_resource_group.rg_spoke_app",
            "azurerm_subnet.subnet_firewall",
            "azurerm_subnet.subnet_pe",
            "azurerm_virtual_network.vnet_hub",
            "azurerm_virtual_network.vnet_spoke_app",
            "data.http.machine_ip"
          ]
        }
      ]
    },
    {
      "mode": "managed",
      "type": "azurerm_private_endpoint",
      "name": "pe_backend",
      "provider": "provider[\"registry.terraform.io/hashicorp/azurerm\"]",
      "instances": [
        {
          "index_key": 0,
          "schema_version": 0,
          "attributes": {
            "custom_dns_configs": [],
            "custom_network_interface_name": "",
            "id": "/subscriptions/82f6d75e-85f4-434a-ab74-5dddd9fa8910/resourceGroups/rg-spoke3/providers/Microsoft.Network/privateEndpoints/private-endpoint-backend",
            "ip_configuration": [],
            "location": "westeurope",
            "name": "private-endpoint-backend",
            "network_interface": [
              {
                "id": "/subscriptions/82f6d75e-85f4-434a-ab74-5dddd9fa8910/resourceGroups/rg-spoke3/providers/Microsoft.Network/networkInterfaces/private-endpoint-backend.nic.f512a0a4-573f-42f5-ae88-03430cc7280d",
                "name": "private-endpoint-backend.nic.f512a0a4-573f-42f5-ae88-03430cc7280d"
              }
            ],
            "private_dns_zone_configs": [
              {
                "id": "/subscriptions/82f6d75e-85f4-434a-ab74-5dddd9fa8910/resourceGroups/rg-spoke3/providers/Microsoft.Network/privateEndpoints/private-endpoint-backend/privateDnsZoneGroups/privatednszonegroup/privateDnsZoneConfigs/privatelink.azurewebsites.net",
                "name": "privatelink.azurewebsites.net",
                "private_dns_zone_id": "/subscriptions/82f6d75e-85f4-434a-ab74-5dddd9fa8910/resourceGroups/rg-spoke3/providers/Microsoft.Network/privateDnsZones/privatelink.azurewebsites.net",
                "record_sets": [
                  {
                    "fqdn": "webapp-backend-011.privatelink.azurewebsites.net",
                    "ip_addresses": [
                      "10.3.2.4"
                    ],
                    "name": "webapp-backend-011",
                    "ttl": 10,
                    "type": "A"
                  },
                  {
                    "fqdn": "webapp-backend-011.scm.privatelink.azurewebsites.net",
                    "ip_addresses": [
                      "10.3.2.4"
                    ],
                    "name": "webapp-backend-011.scm",
                    "ttl": 10,
                    "type": "A"
                  }
                ]
              }
            ],
            "private_dns_zone_group": [
              {
                "id": "/subscriptions/82f6d75e-85f4-434a-ab74-5dddd9fa8910/resourceGroups/rg-spoke3/providers/Microsoft.Network/privateEndpoints/private-endpoint-backend/privateDnsZoneGroups/privatednszonegroup",
                "name": "privatednszonegroup",
                "private_dns_zone_ids": [
                  "/subscriptions/82f6d75e-85f4-434a-ab74-5dddd9fa8910/resourceGroups/rg-spoke3/providers/Microsoft.Network/privateDnsZones/privatelink.azurewebsites.net"
                ]
              }
            ],
            "private_service_connection": [
              {
                "is_manual_connection": false,
                "name": "pe-connection",
                "private_connection_resource_alias": "",
                "private_connection_resource_id": "/subscriptions/82f6d75e-85f4-434a-ab74-5dddd9fa8910/resourceGroups/rg-spoke3/providers/Microsoft.Web/sites/webapp-backend-011",
                "private_ip_address": "10.3.2.4",
                "request_message": "",
                "subresource_names": [
                  "sites"
                ]
              }
            ],
            "resource_group_name": "rg-spoke3",
            "subnet_id": "/subscriptions/82f6d75e-85f4-434a-ab74-5dddd9fa8910/resourceGroups/rg-spoke3/providers/Microsoft.Network/virtualNetworks/vnet_spoke3/subnets/snet-private-endpoint",
            "tags": {},
            "timeouts": null
          },
          "sensitive_attributes": [],
          "private": "eyJlMmJmYjczMC1lY2FhLTExZTYtOGY4OC0zNDM2M2JjN2M0YzAiOnsiY3JlYXRlIjozNjAwMDAwMDAwMDAwLCJkZWxldGUiOjM2MDAwMDAwMDAwMDAsInJlYWQiOjMwMDAwMDAwMDAwMCwidXBkYXRlIjozNjAwMDAwMDAwMDAwfX0=",
          "dependencies": [
            "azurerm_firewall.firewall",
            "azurerm_firewall_policy.firewall_policy",
            "azurerm_linux_web_app.webapp_backend",
            "azurerm_log_analytics_workspace.workspace",
            "azurerm_private_dns_zone.dnsprivatezone",
            "azurerm_public_ip.public_ip_firewall",
            "azurerm_resource_group.rg_hub",
            "azurerm_resource_group.rg_spoke3",
            "azurerm_resource_group.rg_spoke_app",
            "azurerm_service_plan.service_plan",
            "azurerm_subnet.snet_pe",
            "azurerm_subnet.subnet_firewall",
            "azurerm_virtual_network.vnet_hub",
            "azurerm_virtual_network.vnet_spoke3"
          ]
        }
      ]
    },
    {
      "mode": "managed",
      "type": "azurerm_private_endpoint",
      "name": "pe_keyvault",
      "provider": "provider[\"registry.terraform.io/hashicorp/azurerm\"]",
      "instances": [
        {
          "index_key": 0,
          "schema_version": 0,
          "attributes": {
            "custom_dns_configs": [],
            "custom_network_interface_name": "",
            "id": "/subscriptions/82f6d75e-85f4-434a-ab74-5dddd9fa8910/resourceGroups/rg-spoke-app/providers/Microsoft.Network/privateEndpoints/private-endpoint-keyvault",
            "ip_configuration": [],
            "location": "westeurope",
            "name": "private-endpoint-keyvault",
            "network_interface": [
              {
                "id": "/subscriptions/82f6d75e-85f4-434a-ab74-5dddd9fa8910/resourceGroups/rg-spoke-app/providers/Microsoft.Network/networkInterfaces/private-endpoint-keyvault.nic.49f816a8-0913-4019-85d0-8c7aab6fbc35",
                "name": "private-endpoint-keyvault.nic.49f816a8-0913-4019-85d0-8c7aab6fbc35"
              }
            ],
            "private_dns_zone_configs": [
              {
                "id": "/subscriptions/82f6d75e-85f4-434a-ab74-5dddd9fa8910/resourceGroups/rg-spoke-app/providers/Microsoft.Network/privateEndpoints/private-endpoint-keyvault/privateDnsZoneGroups/private-dns-zone-group-keyvault/privateDnsZoneConfigs/privatelink.vaultcore.azure.net",
                "name": "privatelink.vaultcore.azure.net",
                "private_dns_zone_id": "/subscriptions/82f6d75e-85f4-434a-ab74-5dddd9fa8910/resourceGroups/rg-spoke-app/providers/Microsoft.Network/privateDnsZones/privatelink.vaultcore.azure.net",
                "record_sets": [
                  {
                    "fqdn": "kvforaks0113.privatelink.vaultcore.azure.net",
                    "ip_addresses": [
                      "10.1.2.7"
                    ],
                    "name": "kvforaks0113",
                    "ttl": 10,
                    "type": "A"
                  }
                ]
              }
            ],
            "private_dns_zone_group": [
              {
                "id": "/subscriptions/82f6d75e-85f4-434a-ab74-5dddd9fa8910/resourceGroups/rg-spoke-app/providers/Microsoft.Network/privateEndpoints/private-endpoint-keyvault/privateDnsZoneGroups/private-dns-zone-group-keyvault",
                "name": "private-dns-zone-group-keyvault",
                "private_dns_zone_ids": [
                  "/subscriptions/82f6d75e-85f4-434a-ab74-5dddd9fa8910/resourceGroups/rg-spoke-app/providers/Microsoft.Network/privateDnsZones/privatelink.vaultcore.azure.net"
                ]
              }
            ],
            "private_service_connection": [
              {
                "is_manual_connection": false,
                "name": "connection-keyvault",
                "private_connection_resource_alias": "",
                "private_connection_resource_id": "/subscriptions/82f6d75e-85f4-434a-ab74-5dddd9fa8910/resourceGroups/rg-spoke-app/providers/Microsoft.KeyVault/vaults/kvforaks0113",
                "private_ip_address": "10.1.2.7",
                "request_message": "",
                "subresource_names": [
                  "vault"
                ]
              }
            ],
            "resource_group_name": "rg-spoke-app",
            "subnet_id": "/subscriptions/82f6d75e-85f4-434a-ab74-5dddd9fa8910/resourceGroups/rg-spoke-app/providers/Microsoft.Network/virtualNetworks/vnet-spoke-app/subnets/subnet-pe",
            "tags": {
              "architecture": "Hub\u0026Spoke",
              "environment": "development",
              "source": "terraform"
            },
            "timeouts": null
          },
          "sensitive_attributes": [],
          "private": "eyJlMmJmYjczMC1lY2FhLTExZTYtOGY4OC0zNDM2M2JjN2M0YzAiOnsiY3JlYXRlIjozNjAwMDAwMDAwMDAwLCJkZWxldGUiOjM2MDAwMDAwMDAwMDAsInJlYWQiOjMwMDAwMDAwMDAwMCwidXBkYXRlIjozNjAwMDAwMDAwMDAwfX0=",
          "dependencies": [
            "azurerm_firewall.firewall",
            "azurerm_firewall_policy.firewall_policy",
            "azurerm_key_vault.kv",
            "azurerm_log_analytics_workspace.workspace",
            "azurerm_private_dns_zone.private_dns_zone_keyvault",
            "azurerm_public_ip.public_ip_firewall",
            "azurerm_resource_group.rg_hub",
            "azurerm_resource_group.rg_spoke_app",
            "azurerm_subnet.subnet_firewall",
            "azurerm_subnet.subnet_pe",
            "azurerm_virtual_network.vnet_hub",
            "azurerm_virtual_network.vnet_spoke_app",
            "data.azurerm_client_config.current",
            "data.http.machine_ip"
          ]
        }
      ]
    },
    {
      "mode": "managed",
      "type": "azurerm_private_endpoint",
      "name": "pe_storage",
      "provider": "provider[\"registry.terraform.io/hashicorp/azurerm\"]",
      "instances": [
        {
          "index_key": 0,
          "schema_version": 0,
          "attributes": {
            "custom_dns_configs": [],
            "custom_network_interface_name": "",
            "id": "/subscriptions/82f6d75e-85f4-434a-ab74-5dddd9fa8910/resourceGroups/rg-spoke-app/providers/Microsoft.Network/privateEndpoints/private-endpoint-storage",
            "ip_configuration": [],
            "location": "westeurope",
            "name": "private-endpoint-storage",
            "network_interface": [
              {
                "id": "/subscriptions/82f6d75e-85f4-434a-ab74-5dddd9fa8910/resourceGroups/rg-spoke-app/providers/Microsoft.Network/networkInterfaces/private-endpoint-storage.nic.a2073ab4-9a4a-4530-ad8b-0681bd9de341",
                "name": "private-endpoint-storage.nic.a2073ab4-9a4a-4530-ad8b-0681bd9de341"
              }
            ],
            "private_dns_zone_configs": [
              {
                "id": "/subscriptions/82f6d75e-85f4-434a-ab74-5dddd9fa8910/resourceGroups/rg-spoke-app/providers/Microsoft.Network/privateEndpoints/private-endpoint-storage/privateDnsZoneGroups/private-dns-zone-group/privateDnsZoneConfigs/privatelink.blob.core.windows.net",
                "name": "privatelink.blob.core.windows.net",
                "private_dns_zone_id": "/subscriptions/82f6d75e-85f4-434a-ab74-5dddd9fa8910/resourceGroups/rg-spoke-app/providers/Microsoft.Network/privateDnsZones/privatelink.blob.core.windows.net",
                "record_sets": [
                  {
                    "fqdn": "storageforaks011.privatelink.blob.core.windows.net",
                    "ip_addresses": [
                      "10.1.2.4"
                    ],
                    "name": "storageforaks011",
                    "ttl": 10,
                    "type": "A"
                  }
                ]
              }
            ],
            "private_dns_zone_group": [
              {
                "id": "/subscriptions/82f6d75e-85f4-434a-ab74-5dddd9fa8910/resourceGroups/rg-spoke-app/providers/Microsoft.Network/privateEndpoints/private-endpoint-storage/privateDnsZoneGroups/private-dns-zone-group",
                "name": "private-dns-zone-group",
                "private_dns_zone_ids": [
                  "/subscriptions/82f6d75e-85f4-434a-ab74-5dddd9fa8910/resourceGroups/rg-spoke-app/providers/Microsoft.Network/privateDnsZones/privatelink.blob.core.windows.net"
                ]
              }
            ],
            "private_service_connection": [
              {
                "is_manual_connection": false,
                "name": "connection_storage",
                "private_connection_resource_alias": "",
                "private_connection_resource_id": "/subscriptions/82f6d75e-85f4-434a-ab74-5dddd9fa8910/resourceGroups/rg-spoke-app/providers/Microsoft.Storage/storageAccounts/storageforaks011",
                "private_ip_address": "10.1.2.4",
                "request_message": "",
                "subresource_names": [
                  "blob"
                ]
              }
            ],
            "resource_group_name": "rg-spoke-app",
            "subnet_id": "/subscriptions/82f6d75e-85f4-434a-ab74-5dddd9fa8910/resourceGroups/rg-spoke-app/providers/Microsoft.Network/virtualNetworks/vnet-spoke-app/subnets/subnet-pe",
            "tags": {},
            "timeouts": null
          },
          "sensitive_attributes": [],
          "private": "eyJlMmJmYjczMC1lY2FhLTExZTYtOGY4OC0zNDM2M2JjN2M0YzAiOnsiY3JlYXRlIjozNjAwMDAwMDAwMDAwLCJkZWxldGUiOjM2MDAwMDAwMDAwMDAsInJlYWQiOjMwMDAwMDAwMDAwMCwidXBkYXRlIjozNjAwMDAwMDAwMDAwfX0=",
          "dependencies": [
            "azurerm_firewall.firewall",
            "azurerm_firewall_policy.firewall_policy",
            "azurerm_log_analytics_workspace.workspace",
            "azurerm_private_dns_zone.private_dns_zone_storage",
            "azurerm_public_ip.public_ip_firewall",
            "azurerm_resource_group.rg_hub",
            "azurerm_resource_group.rg_spoke_app",
            "azurerm_storage_account.storage",
            "azurerm_subnet.subnet_firewall",
            "azurerm_subnet.subnet_pe",
            "azurerm_virtual_network.vnet_hub",
            "azurerm_virtual_network.vnet_spoke_app"
          ]
        }
      ]
    },
    {
      "mode": "managed",
      "type": "azurerm_public_ip",
      "name": "public_ip_bastion",
      "provider": "provider[\"registry.terraform.io/hashicorp/azurerm\"].subscription_hub",
      "instances": [
        {
          "index_key": 0,
          "schema_version": 0,
          "attributes": {
            "allocation_method": "Static",
            "ddos_protection_mode": "VirtualNetworkInherited",
            "ddos_protection_plan_id": null,
            "domain_name_label": null,
            "edge_zone": "",
            "fqdn": null,
            "id": "/subscriptions/82f6d75e-85f4-434a-ab74-5dddd9fa8910/resourceGroups/rg-hub/providers/Microsoft.Network/publicIPAddresses/public-ip-bastion",
            "idle_timeout_in_minutes": 4,
            "ip_address": "51.145.193.136",
            "ip_tags": {},
            "ip_version": "IPv4",
            "location": "westeurope",
            "name": "public-ip-bastion",
            "public_ip_prefix_id": null,
            "resource_group_name": "rg-hub",
            "reverse_fqdn": null,
            "sku": "Standard",
            "sku_tier": "Regional",
            "tags": {
              "architecture": "Hub\u0026Spoke",
              "environment": "development",
              "source": "terraform"
            },
            "timeouts": null,
            "zones": []
          },
          "sensitive_attributes": [],
          "private": "eyJlMmJmYjczMC1lY2FhLTExZTYtOGY4OC0zNDM2M2JjN2M0YzAiOnsiY3JlYXRlIjoxODAwMDAwMDAwMDAwLCJkZWxldGUiOjE4MDAwMDAwMDAwMDAsInJlYWQiOjMwMDAwMDAwMDAwMCwidXBkYXRlIjoxODAwMDAwMDAwMDAwfX0=",
          "dependencies": [
            "azurerm_resource_group.rg_hub"
          ]
        }
      ]
    },
    {
      "mode": "managed",
      "type": "azurerm_public_ip",
      "name": "public_ip_firewall",
      "provider": "provider[\"registry.terraform.io/hashicorp/azurerm\"].subscription_hub",
      "instances": [
        {
          "index_key": 0,
          "schema_version": 0,
          "attributes": {
            "allocation_method": "Static",
            "ddos_protection_mode": "VirtualNetworkInherited",
            "ddos_protection_plan_id": null,
            "domain_name_label": null,
            "edge_zone": "",
            "fqdn": null,
            "id": "/subscriptions/82f6d75e-85f4-434a-ab74-5dddd9fa8910/resourceGroups/rg-hub/providers/Microsoft.Network/publicIPAddresses/public-ip-firewall",
            "idle_timeout_in_minutes": 4,
            "ip_address": "51.145.193.133",
            "ip_tags": {},
            "ip_version": "IPv4",
            "location": "westeurope",
            "name": "public-ip-firewall",
            "public_ip_prefix_id": null,
            "resource_group_name": "rg-hub",
            "reverse_fqdn": null,
            "sku": "Standard",
            "sku_tier": "Regional",
            "tags": {},
            "timeouts": null,
            "zones": []
          },
          "sensitive_attributes": [],
          "private": "eyJlMmJmYjczMC1lY2FhLTExZTYtOGY4OC0zNDM2M2JjN2M0YzAiOnsiY3JlYXRlIjoxODAwMDAwMDAwMDAwLCJkZWxldGUiOjE4MDAwMDAwMDAwMDAsInJlYWQiOjMwMDAwMDAwMDAwMCwidXBkYXRlIjoxODAwMDAwMDAwMDAwfX0=",
          "dependencies": [
            "azurerm_resource_group.rg_hub"
          ],
          "create_before_destroy": true
        }
      ]
    },
    {
      "mode": "managed",
      "type": "azurerm_resource_group",
      "name": "rg_hub",
      "provider": "provider[\"registry.terraform.io/hashicorp/azurerm\"].subscription_hub",
      "instances": [
        {
          "schema_version": 0,
          "attributes": {
            "id": "/subscriptions/82f6d75e-85f4-434a-ab74-5dddd9fa8910/resourceGroups/rg-hub",
            "location": "westeurope",
            "name": "rg-hub",
            "tags": {
              "architecture": "Hub\u0026Spoke",
              "environment": "development",
              "source": "terraform"
            },
            "timeouts": null
          },
          "sensitive_attributes": [],
          "private": "eyJlMmJmYjczMC1lY2FhLTExZTYtOGY4OC0zNDM2M2JjN2M0YzAiOnsiY3JlYXRlIjo1NDAwMDAwMDAwMDAwLCJkZWxldGUiOjU0MDAwMDAwMDAwMDAsInJlYWQiOjMwMDAwMDAwMDAwMCwidXBkYXRlIjo1NDAwMDAwMDAwMDAwfX0=",
          "create_before_destroy": true
        }
      ]
    },
    {
      "mode": "managed",
      "type": "azurerm_resource_group",
      "name": "rg_log_flow",
      "provider": "provider[\"registry.terraform.io/hashicorp/azurerm\"]",
      "instances": [
        {
          "index_key": 0,
          "schema_version": 0,
          "attributes": {
            "id": "/subscriptions/82f6d75e-85f4-434a-ab74-5dddd9fa8910/resourceGroups/rg_log_flow",
            "location": "westeurope",
            "name": "rg_log_flow",
            "tags": {
              "architecture": "Hub\u0026Spoke",
              "environment": "development",
              "source": "terraform"
            },
            "timeouts": null
          },
          "sensitive_attributes": [],
          "private": "eyJlMmJmYjczMC1lY2FhLTExZTYtOGY4OC0zNDM2M2JjN2M0YzAiOnsiY3JlYXRlIjo1NDAwMDAwMDAwMDAwLCJkZWxldGUiOjU0MDAwMDAwMDAwMDAsInJlYWQiOjMwMDAwMDAwMDAwMCwidXBkYXRlIjo1NDAwMDAwMDAwMDAwfX0="
        }
      ]
    },
    {
      "mode": "managed",
      "type": "azurerm_resource_group",
      "name": "rg_spoke3",
      "provider": "provider[\"registry.terraform.io/hashicorp/azurerm\"]",
      "instances": [
        {
          "index_key": 0,
          "schema_version": 0,
          "attributes": {
            "id": "/subscriptions/82f6d75e-85f4-434a-ab74-5dddd9fa8910/resourceGroups/rg-spoke3",
            "location": "westeurope",
            "name": "rg-spoke3",
            "tags": {},
            "timeouts": null
          },
          "sensitive_attributes": [],
          "private": "eyJlMmJmYjczMC1lY2FhLTExZTYtOGY4OC0zNDM2M2JjN2M0YzAiOnsiY3JlYXRlIjo1NDAwMDAwMDAwMDAwLCJkZWxldGUiOjU0MDAwMDAwMDAwMDAsInJlYWQiOjMwMDAwMDAwMDAwMCwidXBkYXRlIjo1NDAwMDAwMDAwMDAwfX0="
        }
      ]
    },
    {
      "mode": "managed",
      "type": "azurerm_resource_group",
      "name": "rg_spoke_aks",
      "provider": "provider[\"registry.terraform.io/hashicorp/azurerm\"]",
      "instances": [
        {
          "schema_version": 0,
          "attributes": {
            "id": "/subscriptions/82f6d75e-85f4-434a-ab74-5dddd9fa8910/resourceGroups/rg-spoke-aks",
            "location": "westeurope",
            "name": "rg-spoke-aks",
            "tags": {
              "architecture": "Hub\u0026Spoke",
              "environment": "development",
              "source": "terraform"
            },
            "timeouts": null
          },
          "sensitive_attributes": [],
          "private": "eyJlMmJmYjczMC1lY2FhLTExZTYtOGY4OC0zNDM2M2JjN2M0YzAiOnsiY3JlYXRlIjo1NDAwMDAwMDAwMDAwLCJkZWxldGUiOjU0MDAwMDAwMDAwMDAsInJlYWQiOjMwMDAwMDAwMDAwMCwidXBkYXRlIjo1NDAwMDAwMDAwMDAwfX0=",
          "create_before_destroy": true
        }
      ]
    },
    {
      "mode": "managed",
      "type": "azurerm_resource_group",
      "name": "rg_spoke_app",
      "provider": "provider[\"registry.terraform.io/hashicorp/azurerm\"]",
      "instances": [
        {
          "schema_version": 0,
          "attributes": {
            "id": "/subscriptions/82f6d75e-85f4-434a-ab74-5dddd9fa8910/resourceGroups/rg-spoke-app",
            "location": "westeurope",
            "name": "rg-spoke-app",
            "tags": {
              "architecture": "Hub\u0026Spoke",
              "environment": "development",
              "source": "terraform"
            },
            "timeouts": null
          },
          "sensitive_attributes": [],
          "private": "eyJlMmJmYjczMC1lY2FhLTExZTYtOGY4OC0zNDM2M2JjN2M0YzAiOnsiY3JlYXRlIjo1NDAwMDAwMDAwMDAwLCJkZWxldGUiOjU0MDAwMDAwMDAwMDAsInJlYWQiOjMwMDAwMDAwMDAwMCwidXBkYXRlIjo1NDAwMDAwMDAwMDAwfX0=",
          "create_before_destroy": true
        }
      ]
    },
    {
      "mode": "managed",
      "type": "azurerm_resource_group",
      "name": "rg_spoke_mgt",
      "provider": "provider[\"registry.terraform.io/hashicorp/azurerm\"]",
      "instances": [
        {
          "index_key": 0,
          "schema_version": 0,
          "attributes": {
            "id": "/subscriptions/82f6d75e-85f4-434a-ab74-5dddd9fa8910/resourceGroups/rg-spoke-mgt",
            "location": "westeurope",
            "name": "rg-spoke-mgt",
            "tags": {
              "architecture": "Hub\u0026Spoke",
              "environment": "development",
              "source": "terraform"
            },
            "timeouts": null
          },
          "sensitive_attributes": [],
          "private": "eyJlMmJmYjczMC1lY2FhLTExZTYtOGY4OC0zNDM2M2JjN2M0YzAiOnsiY3JlYXRlIjo1NDAwMDAwMDAwMDAwLCJkZWxldGUiOjU0MDAwMDAwMDAwMDAsInJlYWQiOjMwMDAwMDAwMDAwMCwidXBkYXRlIjo1NDAwMDAwMDAwMDAwfX0="
        }
      ]
    },
    {
      "mode": "managed",
      "type": "azurerm_resource_group",
      "name": "rg_spoke_shared",
      "provider": "provider[\"registry.terraform.io/hashicorp/azurerm\"]",
      "instances": [
        {
          "schema_version": 0,
          "attributes": {
            "id": "/subscriptions/82f6d75e-85f4-434a-ab74-5dddd9fa8910/resourceGroups/rg-spoke-shared",
            "location": "westeurope",
            "name": "rg-spoke-shared",
            "tags": {},
            "timeouts": null
          },
          "sensitive_attributes": [],
          "private": "eyJlMmJmYjczMC1lY2FhLTExZTYtOGY4OC0zNDM2M2JjN2M0YzAiOnsiY3JlYXRlIjo1NDAwMDAwMDAwMDAwLCJkZWxldGUiOjU0MDAwMDAwMDAwMDAsInJlYWQiOjMwMDAwMDAwMDAwMCwidXBkYXRlIjo1NDAwMDAwMDAwMDAwfX0="
        }
      ]
    },
    {
      "mode": "managed",
      "type": "azurerm_role_assignment",
      "name": "current_user_aks_admin",
      "provider": "provider[\"registry.terraform.io/hashicorp/azurerm\"]",
      "instances": [
        {
          "index_key": 0,
          "schema_version": 0,
          "attributes": {
            "condition": "",
            "condition_version": "",
            "delegated_managed_identity_resource_id": "",
            "description": "",
            "id": "/subscriptions/82f6d75e-85f4-434a-ab74-5dddd9fa8910/resourceGroups/rg-spoke-aks/providers/Microsoft.ContainerService/managedClusters/aks-cluster/providers/Microsoft.Authorization/roleAssignments/210f7979-e889-2e79-622c-e3786e05b986",
            "name": "210f7979-e889-2e79-622c-e3786e05b986",
            "principal_id": "99b281c9-823c-4633-af92-8ac556a19bee",
            "principal_type": "User",
            "role_definition_id": "/subscriptions/82f6d75e-85f4-434a-ab74-5dddd9fa8910/providers/Microsoft.Authorization/roleDefinitions/b1ff04bb-8a4e-4dc4-8eb5-8693973ce19b",
            "role_definition_name": "Azure Kubernetes Service RBAC Cluster Admin",
            "scope": "/subscriptions/82f6d75e-85f4-434a-ab74-5dddd9fa8910/resourceGroups/rg-spoke-aks/providers/Microsoft.ContainerService/managedClusters/aks-cluster",
            "skip_service_principal_aad_check": false,
            "timeouts": {
              "create": "2m",
              "delete": "2m",
              "read": null,
              "update": "2m"
            }
          },
          "sensitive_attributes": [],
          "private": "eyJlMmJmYjczMC1lY2FhLTExZTYtOGY4OC0zNDM2M2JjN2M0YzAiOnsiY3JlYXRlIjoxMjAwMDAwMDAwMDAsImRlbGV0ZSI6MTIwMDAwMDAwMDAwLCJyZWFkIjozMDAwMDAwMDAwMDAsInVwZGF0ZSI6MTIwMDAwMDAwMDAwfX0=",
          "dependencies": [
            "azuread_group.aks_admins",
            "azurerm_application_gateway.appgw",
            "azurerm_firewall.firewall",
            "azurerm_firewall_policy.firewall_policy",
            "azurerm_kubernetes_cluster.aks",
            "azurerm_log_analytics_workspace.workspace",
            "azurerm_private_dns_zone.private_dns_zone_aks",
            "azurerm_public_ip.appgw_pip",
            "azurerm_public_ip.public_ip_firewall",
            "azurerm_resource_group.rg_hub",
            "azurerm_resource_group.rg_spoke_aks",
            "azurerm_resource_group.rg_spoke_app",
            "azurerm_subnet.subnet_apiserver",
            "azurerm_subnet.subnet_appgw",
            "azurerm_subnet.subnet_firewall",
            "azurerm_subnet.subnet_nodes",
            "azurerm_subnet.subnet_pods",
            "azurerm_user_assigned_identity.identity-kubelet",
            "azurerm_user_assigned_identity.identity_aks",
            "azurerm_virtual_network.vnet_hub",
            "azurerm_virtual_network.vnet_spoke_app",
            "data.azuread_client_config.current",
            "data.azurerm_subscription.subscription_spoke"
          ]
        }
      ]
    },
    {
      "mode": "managed",
      "type": "azurerm_role_assignment",
      "name": "role_acrpull",
      "provider": "provider[\"registry.terraform.io/hashicorp/azurerm\"]",
      "instances": [
        {
          "index_key": 0,
          "schema_version": 0,
          "attributes": {
            "condition": "",
            "condition_version": "",
            "delegated_managed_identity_resource_id": "",
            "description": "",
            "id": "/subscriptions/82f6d75e-85f4-434a-ab74-5dddd9fa8910/resourceGroups/rg-spoke-app/providers/Microsoft.ContainerRegistry/registries/acrforakstf013/providers/Microsoft.Authorization/roleAssignments/0aba55c9-09b5-7ac9-2807-a7624294760f",
            "name": "0aba55c9-09b5-7ac9-2807-a7624294760f",
            "principal_id": "af90c5c4-c2ca-4d9d-aea6-f227e2323354",
            "principal_type": "ServicePrincipal",
            "role_definition_id": "/subscriptions/82f6d75e-85f4-434a-ab74-5dddd9fa8910/providers/Microsoft.Authorization/roleDefinitions/7f951dda-4ed3-4680-a7ca-43fe172d538d",
            "role_definition_name": "AcrPull",
            "scope": "/subscriptions/82f6d75e-85f4-434a-ab74-5dddd9fa8910/resourceGroups/rg-spoke-app/providers/Microsoft.ContainerRegistry/registries/acrforakstf013",
            "skip_service_principal_aad_check": true,
            "timeouts": null
          },
          "sensitive_attributes": [],
          "private": "eyJlMmJmYjczMC1lY2FhLTExZTYtOGY4OC0zNDM2M2JjN2M0YzAiOnsiY3JlYXRlIjoxODAwMDAwMDAwMDAwLCJkZWxldGUiOjE4MDAwMDAwMDAwMDAsInJlYWQiOjMwMDAwMDAwMDAwMCwidXBkYXRlIjoxODAwMDAwMDAwMDAwfX0=",
          "dependencies": [
            "azurerm_container_registry.acr",
            "azurerm_resource_group.rg_spoke_aks",
            "azurerm_resource_group.rg_spoke_app",
            "azurerm_user_assigned_identity.identity-kubelet",
            "data.http.machine_ip"
          ]
        }
      ]
    },
    {
      "mode": "managed",
      "type": "azurerm_role_assignment",
      "name": "role_grafana_admin",
      "provider": "provider[\"registry.terraform.io/hashicorp/azurerm\"]",
      "instances": [
        {
          "schema_version": 0,
          "attributes": {
            "condition": "",
            "condition_version": "",
            "delegated_managed_identity_resource_id": "",
            "description": "",
            "id": "/subscriptions/82f6d75e-85f4-434a-ab74-5dddd9fa8910/resourceGroups/rg-spoke-app/providers/Microsoft.Dashboard/grafana/grafana-aks-011/providers/Microsoft.Authorization/roleAssignments/0d237a9d-6ce7-3ebe-baca-c8f950fa92dd",
            "name": "0d237a9d-6ce7-3ebe-baca-c8f950fa92dd",
            "principal_id": "99b281c9-823c-4633-af92-8ac556a19bee",
            "principal_type": "User",
            "role_definition_id": "/subscriptions/82f6d75e-85f4-434a-ab74-5dddd9fa8910/providers/Microsoft.Authorization/roleDefinitions/22926164-76b3-42b3-bc55-97df8dab3e41",
            "role_definition_name": "Grafana Admin",
            "scope": "/subscriptions/82f6d75e-85f4-434a-ab74-5dddd9fa8910/resourceGroups/rg-spoke-app/providers/Microsoft.Dashboard/grafana/grafana-aks-011",
            "skip_service_principal_aad_check": null,
            "timeouts": null
          },
          "sensitive_attributes": [],
          "private": "eyJlMmJmYjczMC1lY2FhLTExZTYtOGY4OC0zNDM2M2JjN2M0YzAiOnsiY3JlYXRlIjoxODAwMDAwMDAwMDAwLCJkZWxldGUiOjE4MDAwMDAwMDAwMDAsInJlYWQiOjMwMDAwMDAwMDAwMCwidXBkYXRlIjoxODAwMDAwMDAwMDAwfX0=",
          "dependencies": [
            "azurerm_dashboard_grafana.grafana_aks",
            "azurerm_resource_group.rg_spoke_app",
            "data.azurerm_client_config.current"
          ]
        }
      ]
    },
    {
      "mode": "managed",
      "type": "azurerm_role_assignment",
      "name": "role_identity_aks_contributor",
      "provider": "provider[\"registry.terraform.io/hashicorp/azurerm\"]",
      "instances": [
        {
          "index_key": 0,
          "schema_version": 0,
          "attributes": {
            "condition": "",
            "condition_version": "",
            "delegated_managed_identity_resource_id": "",
            "description": "",
            "id": "/subscriptions/82f6d75e-85f4-434a-ab74-5dddd9fa8910/resourceGroups/rg-spoke-aks/providers/Microsoft.Authorization/roleAssignments/cc2b83b5-3b62-b8dc-3a22-aeebaca14d67",
            "name": "cc2b83b5-3b62-b8dc-3a22-aeebaca14d67",
            "principal_id": "ab1450c9-8517-4ee6-8032-52e9ab873caf",
            "principal_type": "ServicePrincipal",
            "role_definition_id": "/subscriptions/82f6d75e-85f4-434a-ab74-5dddd9fa8910/providers/Microsoft.Authorization/roleDefinitions/b24988ac-6180-42a0-ab88-20f7382dd24c",
            "role_definition_name": "Contributor",
            "scope": "/subscriptions/82f6d75e-85f4-434a-ab74-5dddd9fa8910/resourceGroups/rg-spoke-aks",
            "skip_service_principal_aad_check": true,
            "timeouts": null
          },
          "sensitive_attributes": [],
          "private": "eyJlMmJmYjczMC1lY2FhLTExZTYtOGY4OC0zNDM2M2JjN2M0YzAiOnsiY3JlYXRlIjoxODAwMDAwMDAwMDAwLCJkZWxldGUiOjE4MDAwMDAwMDAwMDAsInJlYWQiOjMwMDAwMDAwMDAwMCwidXBkYXRlIjoxODAwMDAwMDAwMDAwfX0=",
          "dependencies": [
            "azurerm_resource_group.rg_spoke_aks",
            "azurerm_user_assigned_identity.identity_aks"
          ]
        }
      ]
    },
    {
      "mode": "managed",
      "type": "azurerm_role_assignment",
      "name": "role_identity_aks_mi_operator",
      "provider": "provider[\"registry.terraform.io/hashicorp/azurerm\"]",
      "instances": [
        {
          "index_key": 0,
          "schema_version": 0,
          "attributes": {
            "condition": "",
            "condition_version": "",
            "delegated_managed_identity_resource_id": "",
            "description": "",
            "id": "/subscriptions/82f6d75e-85f4-434a-ab74-5dddd9fa8910/resourceGroups/rg-spoke-aks/providers/Microsoft.ManagedIdentity/userAssignedIdentities/identity-kubelet/providers/Microsoft.Authorization/roleAssignments/ef922389-7719-eef5-272a-57e777111e96",
            "name": "ef922389-7719-eef5-272a-57e777111e96",
            "principal_id": "ab1450c9-8517-4ee6-8032-52e9ab873caf",
            "principal_type": "ServicePrincipal",
            "role_definition_id": "/subscriptions/82f6d75e-85f4-434a-ab74-5dddd9fa8910/providers/Microsoft.Authorization/roleDefinitions/f1a07417-d97a-45cb-824c-7a7467783830",
            "role_definition_name": "Managed Identity Operator",
            "scope": "/subscriptions/82f6d75e-85f4-434a-ab74-5dddd9fa8910/resourceGroups/rg-spoke-aks/providers/Microsoft.ManagedIdentity/userAssignedIdentities/identity-kubelet",
            "skip_service_principal_aad_check": true,
            "timeouts": null
          },
          "sensitive_attributes": [],
          "private": "eyJlMmJmYjczMC1lY2FhLTExZTYtOGY4OC0zNDM2M2JjN2M0YzAiOnsiY3JlYXRlIjoxODAwMDAwMDAwMDAwLCJkZWxldGUiOjE4MDAwMDAwMDAwMDAsInJlYWQiOjMwMDAwMDAwMDAwMCwidXBkYXRlIjoxODAwMDAwMDAwMDAwfX0=",
          "dependencies": [
            "azurerm_resource_group.rg_spoke_aks",
            "azurerm_user_assigned_identity.identity-kubelet",
            "azurerm_user_assigned_identity.identity_aks"
          ]
        }
      ]
    },
    {
      "mode": "managed",
      "type": "azurerm_role_assignment",
      "name": "role_identity_aks_network_contributor",
      "provider": "provider[\"registry.terraform.io/hashicorp/azurerm\"]",
      "instances": [
        {
          "index_key": 0,
          "schema_version": 0,
          "attributes": {
            "condition": "",
            "condition_version": "",
            "delegated_managed_identity_resource_id": "",
            "description": "",
            "id": "/subscriptions/82f6d75e-85f4-434a-ab74-5dddd9fa8910/resourceGroups/rg-spoke-app/providers/Microsoft.Network/virtualNetworks/vnet-spoke-app/providers/Microsoft.Authorization/roleAssignments/d8493287-2f55-17c6-aa08-b19cd4e6aef7",
            "name": "d8493287-2f55-17c6-aa08-b19cd4e6aef7",
            "principal_id": "ab1450c9-8517-4ee6-8032-52e9ab873caf",
            "principal_type": "ServicePrincipal",
            "role_definition_id": "/subscriptions/82f6d75e-85f4-434a-ab74-5dddd9fa8910/providers/Microsoft.Authorization/roleDefinitions/4d97b98b-1d4f-4787-a291-c67834d212e7",
            "role_definition_name": "Network Contributor",
            "scope": "/subscriptions/82f6d75e-85f4-434a-ab74-5dddd9fa8910/resourceGroups/rg-spoke-app/providers/Microsoft.Network/virtualNetworks/vnet-spoke-app",
            "skip_service_principal_aad_check": true,
            "timeouts": null
          },
          "sensitive_attributes": [],
          "private": "eyJlMmJmYjczMC1lY2FhLTExZTYtOGY4OC0zNDM2M2JjN2M0YzAiOnsiY3JlYXRlIjoxODAwMDAwMDAwMDAwLCJkZWxldGUiOjE4MDAwMDAwMDAwMDAsInJlYWQiOjMwMDAwMDAwMDAwMCwidXBkYXRlIjoxODAwMDAwMDAwMDAwfX0=",
          "dependencies": [
            "azurerm_firewall.firewall",
            "azurerm_firewall_policy.firewall_policy",
            "azurerm_log_analytics_workspace.workspace",
            "azurerm_public_ip.public_ip_firewall",
            "azurerm_resource_group.rg_hub",
            "azurerm_resource_group.rg_spoke_aks",
            "azurerm_resource_group.rg_spoke_app",
            "azurerm_subnet.subnet_firewall",
            "azurerm_user_assigned_identity.identity_aks",
            "azurerm_virtual_network.vnet_hub",
            "azurerm_virtual_network.vnet_spoke_app"
          ]
        }
      ]
    },
    {
      "mode": "managed",
      "type": "azurerm_role_assignment",
      "name": "role_identity_aks_network_contributor_subnet_apiserver",
      "provider": "provider[\"registry.terraform.io/hashicorp/azurerm\"]",
      "instances": [
        {
          "index_key": 0,
          "schema_version": 0,
          "attributes": {
            "condition": "",
            "condition_version": "",
            "delegated_managed_identity_resource_id": "",
            "description": "",
            "id": "/subscriptions/82f6d75e-85f4-434a-ab74-5dddd9fa8910/resourceGroups/rg-spoke-app/providers/Microsoft.Network/virtualNetworks/vnet-spoke-app/subnets/subnet-apiserver/providers/Microsoft.Authorization/roleAssignments/56135363-ed58-eec9-e760-dfd6194292ea",
            "name": "56135363-ed58-eec9-e760-dfd6194292ea",
            "principal_id": "ab1450c9-8517-4ee6-8032-52e9ab873caf",
            "principal_type": "ServicePrincipal",
            "role_definition_id": "/subscriptions/82f6d75e-85f4-434a-ab74-5dddd9fa8910/providers/Microsoft.Authorization/roleDefinitions/4d97b98b-1d4f-4787-a291-c67834d212e7",
            "role_definition_name": "Network Contributor",
            "scope": "/subscriptions/82f6d75e-85f4-434a-ab74-5dddd9fa8910/resourceGroups/rg-spoke-app/providers/Microsoft.Network/virtualNetworks/vnet-spoke-app/subnets/subnet-apiserver",
            "skip_service_principal_aad_check": true,
            "timeouts": null
          },
          "sensitive_attributes": [],
          "private": "eyJlMmJmYjczMC1lY2FhLTExZTYtOGY4OC0zNDM2M2JjN2M0YzAiOnsiY3JlYXRlIjoxODAwMDAwMDAwMDAwLCJkZWxldGUiOjE4MDAwMDAwMDAwMDAsInJlYWQiOjMwMDAwMDAwMDAwMCwidXBkYXRlIjoxODAwMDAwMDAwMDAwfX0=",
          "dependencies": [
            "azurerm_firewall.firewall",
            "azurerm_firewall_policy.firewall_policy",
            "azurerm_log_analytics_workspace.workspace",
            "azurerm_public_ip.public_ip_firewall",
            "azurerm_resource_group.rg_hub",
            "azurerm_resource_group.rg_spoke_aks",
            "azurerm_resource_group.rg_spoke_app",
            "azurerm_subnet.subnet_apiserver",
            "azurerm_subnet.subnet_firewall",
            "azurerm_user_assigned_identity.identity_aks",
            "azurerm_virtual_network.vnet_hub",
            "azurerm_virtual_network.vnet_spoke_app"
          ]
        }
      ]
    },
    {
      "mode": "managed",
      "type": "azurerm_role_assignment",
      "name": "role_identity_vm_linux_contributor",
      "provider": "provider[\"registry.terraform.io/hashicorp/azurerm\"]",
      "instances": [
        {
          "index_key": 0,
          "schema_version": 0,
          "attributes": {
            "condition": "",
            "condition_version": "",
            "delegated_managed_identity_resource_id": "",
            "description": "",
            "id": "/subscriptions/82f6d75e-85f4-434a-ab74-5dddd9fa8910/providers/Microsoft.Authorization/roleAssignments/994a103a-69e9-f2e6-da2e-8106fa5de0f9",
            "name": "994a103a-69e9-f2e6-da2e-8106fa5de0f9",
            "principal_id": "dc09f175-c4a7-466e-ac36-f43072db386b",
            "principal_type": "ServicePrincipal",
            "role_definition_id": "/subscriptions/82f6d75e-85f4-434a-ab74-5dddd9fa8910/providers/Microsoft.Authorization/roleDefinitions/b24988ac-6180-42a0-ab88-20f7382dd24c",
            "role_definition_name": "Contributor",
            "scope": "/subscriptions/82f6d75e-85f4-434a-ab74-5dddd9fa8910",
            "skip_service_principal_aad_check": true,
            "timeouts": null
          },
          "sensitive_attributes": [],
          "private": "eyJlMmJmYjczMC1lY2FhLTExZTYtOGY4OC0zNDM2M2JjN2M0YzAiOnsiY3JlYXRlIjoxODAwMDAwMDAwMDAwLCJkZWxldGUiOjE4MDAwMDAwMDAwMDAsInJlYWQiOjMwMDAwMDAwMDAwMCwidXBkYXRlIjoxODAwMDAwMDAwMDAwfX0=",
          "dependencies": [
            "azurerm_resource_group.rg_spoke_mgt",
            "azurerm_user_assigned_identity.identity_vm_linux",
            "data.azurerm_subscription.subscription_spoke"
          ]
        }
      ]
    },
    {
      "mode": "managed",
      "type": "azurerm_role_assignment",
      "name": "role_monitoring_data_reader",
      "provider": "provider[\"registry.terraform.io/hashicorp/azurerm\"]",
      "instances": [
        {
          "schema_version": 0,
          "attributes": {
            "condition": "",
            "condition_version": "",
            "delegated_managed_identity_resource_id": "",
            "description": "",
            "id": "/subscriptions/82f6d75e-85f4-434a-ab74-5dddd9fa8910/resourceGroups/rg-spoke-app/providers/microsoft.monitor/accounts/monitor-workspace-aks/providers/Microsoft.Authorization/roleAssignments/bef8a06b-d47b-7a2e-df11-976e43b38457",
            "name": "bef8a06b-d47b-7a2e-df11-976e43b38457",
            "principal_id": "cf4ce3ce-ae6a-4882-b478-612440d83a07",
            "principal_type": "ServicePrincipal",
            "role_definition_id": "/subscriptions/82f6d75e-85f4-434a-ab74-5dddd9fa8910/providers/Microsoft.Authorization/roleDefinitions/b0d8363b-8ddd-447d-831f-62ca05bff136",
            "role_definition_name": "Monitoring Data Reader",
            "scope": "/subscriptions/82f6d75e-85f4-434a-ab74-5dddd9fa8910/resourceGroups/rg-spoke-app/providers/microsoft.monitor/accounts/monitor-workspace-aks",
            "skip_service_principal_aad_check": null,
            "timeouts": null
          },
          "sensitive_attributes": [],
          "private": "eyJlMmJmYjczMC1lY2FhLTExZTYtOGY4OC0zNDM2M2JjN2M0YzAiOnsiY3JlYXRlIjoxODAwMDAwMDAwMDAwLCJkZWxldGUiOjE4MDAwMDAwMDAwMDAsInJlYWQiOjMwMDAwMDAwMDAwMCwidXBkYXRlIjoxODAwMDAwMDAwMDAwfX0=",
          "dependencies": [
            "azapi_resource.monitor_workspace_aks",
            "azurerm_dashboard_grafana.grafana_aks",
            "azurerm_resource_group.rg_spoke_app"
          ]
        }
      ]
    },
    {
      "mode": "managed",
      "type": "azurerm_role_assignment",
      "name": "role_monitoring_reader",
      "provider": "provider[\"registry.terraform.io/hashicorp/azurerm\"]",
      "instances": [
        {
          "schema_version": 0,
          "attributes": {
            "condition": "",
            "condition_version": "",
            "delegated_managed_identity_resource_id": "",
            "description": "",
            "id": "/subscriptions/82f6d75e-85f4-434a-ab74-5dddd9fa8910/providers/Microsoft.Authorization/roleAssignments/69ebd6d7-b281-3b9d-e133-6007348c5195",
            "name": "69ebd6d7-b281-3b9d-e133-6007348c5195",
            "principal_id": "cf4ce3ce-ae6a-4882-b478-612440d83a07",
            "principal_type": "ServicePrincipal",
            "role_definition_id": "/subscriptions/82f6d75e-85f4-434a-ab74-5dddd9fa8910/providers/Microsoft.Authorization/roleDefinitions/43d0d8ad-25c7-4714-9337-8ba259a9fe05",
            "role_definition_name": "Monitoring Reader",
            "scope": "/subscriptions/82f6d75e-85f4-434a-ab74-5dddd9fa8910",
            "skip_service_principal_aad_check": null,
            "timeouts": null
          },
          "sensitive_attributes": [],
          "private": "eyJlMmJmYjczMC1lY2FhLTExZTYtOGY4OC0zNDM2M2JjN2M0YzAiOnsiY3JlYXRlIjoxODAwMDAwMDAwMDAwLCJkZWxldGUiOjE4MDAwMDAwMDAwMDAsInJlYWQiOjMwMDAwMDAwMDAwMCwidXBkYXRlIjoxODAwMDAwMDAwMDAwfX0=",
          "dependencies": [
            "azurerm_dashboard_grafana.grafana_aks",
            "azurerm_resource_group.rg_spoke_app",
            "data.azurerm_subscription.subscription_spoke"
          ]
        }
      ]
    },
    {
      "mode": "managed",
      "type": "azurerm_role_assignment",
      "name": "role_secret_officer",
      "provider": "provider[\"registry.terraform.io/hashicorp/azurerm\"]",
      "instances": [
        {
          "index_key": 0,
          "schema_version": 0,
          "attributes": {
            "condition": "",
            "condition_version": "",
            "delegated_managed_identity_resource_id": "",
            "description": "",
            "id": "/subscriptions/82f6d75e-85f4-434a-ab74-5dddd9fa8910/resourceGroups/rg-spoke-app/providers/Microsoft.KeyVault/vaults/kvforaks0113/providers/Microsoft.Authorization/roleAssignments/552afe15-b0d2-d0d1-0514-dc3f0f815021",
            "name": "552afe15-b0d2-d0d1-0514-dc3f0f815021",
            "principal_id": "99b281c9-823c-4633-af92-8ac556a19bee",
            "principal_type": "User",
            "role_definition_id": "/subscriptions/82f6d75e-85f4-434a-ab74-5dddd9fa8910/providers/Microsoft.Authorization/roleDefinitions/b86a8fe4-44ce-4948-aee5-eccb2c155cd7",
            "role_definition_name": "Key Vault Secrets Officer",
            "scope": "/subscriptions/82f6d75e-85f4-434a-ab74-5dddd9fa8910/resourceGroups/rg-spoke-app/providers/Microsoft.KeyVault/vaults/kvforaks0113",
            "skip_service_principal_aad_check": null,
            "timeouts": null
          },
          "sensitive_attributes": [],
          "private": "eyJlMmJmYjczMC1lY2FhLTExZTYtOGY4OC0zNDM2M2JjN2M0YzAiOnsiY3JlYXRlIjoxODAwMDAwMDAwMDAwLCJkZWxldGUiOjE4MDAwMDAwMDAwMDAsInJlYWQiOjMwMDAwMDAwMDAwMCwidXBkYXRlIjoxODAwMDAwMDAwMDAwfX0=",
          "dependencies": [
            "azurerm_key_vault.kv",
            "azurerm_resource_group.rg_spoke_app",
            "data.azurerm_client_config.current",
            "data.http.machine_ip"
          ]
        }
      ]
    },
    {
      "mode": "managed",
      "type": "azurerm_route_table",
      "name": "route_table_to_firewall",
      "provider": "provider[\"registry.terraform.io/hashicorp/azurerm\"]",
      "instances": [
        {
          "index_key": 0,
          "schema_version": 0,
          "attributes": {
            "disable_bgp_route_propagation": true,
            "id": "/subscriptions/82f6d75e-85f4-434a-ab74-5dddd9fa8910/resourceGroups/rg-spoke-mgt/providers/Microsoft.Network/routeTables/route_table_subnet_mgt",
            "location": "westeurope",
            "name": "route_table_subnet_mgt",
            "resource_group_name": "rg-spoke-mgt",
            "route": [
              {
                "address_prefix": "0.0.0.0/0",
                "name": "route_to_firewall",
                "next_hop_in_ip_address": "172.16.0.4",
                "next_hop_type": "VirtualAppliance"
              }
            ],
            "subnets": [
              "/subscriptions/82f6d75e-85f4-434a-ab74-5dddd9fa8910/resourceGroups/rg-spoke-app/providers/Microsoft.Network/virtualNetworks/vnet-spoke-app/subnets/subnet-nodes",
              "/subscriptions/82f6d75e-85f4-434a-ab74-5dddd9fa8910/resourceGroups/rg-spoke-app/providers/Microsoft.Network/virtualNetworks/vnet-spoke-app/subnets/subnet-pods",
              "/subscriptions/82f6d75e-85f4-434a-ab74-5dddd9fa8910/resourceGroups/rg-spoke-mgt/providers/Microsoft.Network/virtualNetworks/vnet-spoke-mgt/subnets/subnet-mgt",
              "/subscriptions/82f6d75e-85f4-434a-ab74-5dddd9fa8910/resourceGroups/rg-spoke3/providers/Microsoft.Network/virtualNetworks/vnet_spoke3/subnets/snet-vnet-integration"
            ],
            "tags": {},
            "timeouts": null
          },
          "sensitive_attributes": [],
          "private": "eyJlMmJmYjczMC1lY2FhLTExZTYtOGY4OC0zNDM2M2JjN2M0YzAiOnsiY3JlYXRlIjoxODAwMDAwMDAwMDAwLCJkZWxldGUiOjE4MDAwMDAwMDAwMDAsInJlYWQiOjMwMDAwMDAwMDAwMCwidXBkYXRlIjoxODAwMDAwMDAwMDAwfX0=",
          "dependencies": [
            "azurerm_firewall.firewall",
            "azurerm_firewall_policy.firewall_policy",
            "azurerm_log_analytics_workspace.workspace",
            "azurerm_public_ip.public_ip_firewall",
            "azurerm_resource_group.rg_hub",
            "azurerm_resource_group.rg_spoke_app",
            "azurerm_resource_group.rg_spoke_mgt",
            "azurerm_subnet.subnet_firewall",
            "azurerm_virtual_network.vnet_hub"
          ]
        }
      ]
    },
    {
      "mode": "managed",
      "type": "azurerm_service_plan",
      "name": "service_plan",
      "provider": "provider[\"registry.terraform.io/hashicorp/azurerm\"]",
      "instances": [
        {
          "index_key": 0,
          "schema_version": 0,
          "attributes": {
            "app_service_environment_id": "",
            "id": "/subscriptions/82f6d75e-85f4-434a-ab74-5dddd9fa8910/resourceGroups/rg-spoke3/providers/Microsoft.Web/serverfarms/service-plan",
            "kind": "linux",
            "location": "westeurope",
            "maximum_elastic_worker_count": 1,
            "name": "service-plan",
            "os_type": "Linux",
            "per_site_scaling_enabled": false,
            "reserved": true,
            "resource_group_name": "rg-spoke3",
            "sku_name": "P1v2",
            "tags": {},
            "timeouts": null,
            "worker_count": 1,
            "zone_balancing_enabled": false
          },
          "sensitive_attributes": [],
          "private": "eyJlMmJmYjczMC1lY2FhLTExZTYtOGY4OC0zNDM2M2JjN2M0YzAiOnsiY3JlYXRlIjozNjAwMDAwMDAwMDAwLCJkZWxldGUiOjM2MDAwMDAwMDAwMDAsInJlYWQiOjMwMDAwMDAwMDAwMCwidXBkYXRlIjozNjAwMDAwMDAwMDAwfX0=",
          "dependencies": [
            "azurerm_resource_group.rg_spoke3"
          ]
        }
      ]
    },
    {
      "mode": "managed",
      "type": "azurerm_storage_account",
      "name": "network_log_data",
      "provider": "provider[\"registry.terraform.io/hashicorp/azurerm\"]",
      "instances": [
        {
          "index_key": 0,
          "schema_version": 3,
          "attributes": {
            "access_tier": "Hot",
            "account_kind": "StorageV2",
            "account_replication_type": "LRS",
            "account_tier": "Standard",
            "allow_nested_items_to_be_public": true,
            "allowed_copy_scope": "",
            "azure_files_authentication": [],
            "blob_properties": [
              {
                "change_feed_enabled": false,
                "change_feed_retention_in_days": 0,
                "container_delete_retention_policy": [],
                "cors_rule": [],
                "default_service_version": "",
                "delete_retention_policy": [],
                "last_access_time_enabled": false,
                "restore_policy": [],
                "versioning_enabled": false
              }
            ],
            "cross_tenant_replication_enabled": true,
            "custom_domain": [],
            "customer_managed_key": [],
            "default_to_oauth_authentication": false,
            "edge_zone": "",
            "enable_https_traffic_only": true,
            "id": "/subscriptions/82f6d75e-85f4-434a-ab74-5dddd9fa8910/resourceGroups/rg_log_flow/providers/Microsoft.Storage/storageAccounts/storageforlogs011",
            "identity": [],
            "immutability_policy": [],
            "infrastructure_encryption_enabled": false,
            "is_hns_enabled": false,
            "large_file_share_enabled": null,
            "location": "westeurope",
            "min_tls_version": "TLS1_2",
            "name": "storageforlogs011",
            "network_rules": [
              {
                "bypass": [
                  "AzureServices"
                ],
                "default_action": "Allow",
                "ip_rules": [],
                "private_link_access": [],
                "virtual_network_subnet_ids": []
              }
            ],
            "nfsv3_enabled": false,
            "primary_access_key": "IBTtdyoWSWdsnLjZN6zO+hyszrMqFkwYN2/Dn0UIfzst4pkKjp6+ahg06tKXbmtTsZbLioZmAn3X+AStkGw0lw==",
            "primary_blob_connection_string": "DefaultEndpointsProtocol=https;BlobEndpoint=https://storageforlogs011.blob.core.windows.net/;AccountName=storageforlogs011;AccountKey=IBTtdyoWSWdsnLjZN6zO+hyszrMqFkwYN2/Dn0UIfzst4pkKjp6+ahg06tKXbmtTsZbLioZmAn3X+AStkGw0lw==",
            "primary_blob_endpoint": "https://storageforlogs011.blob.core.windows.net/",
            "primary_blob_host": "storageforlogs011.blob.core.windows.net",
            "primary_connection_string": "DefaultEndpointsProtocol=https;AccountName=storageforlogs011;AccountKey=IBTtdyoWSWdsnLjZN6zO+hyszrMqFkwYN2/Dn0UIfzst4pkKjp6+ahg06tKXbmtTsZbLioZmAn3X+AStkGw0lw==;EndpointSuffix=core.windows.net",
            "primary_dfs_endpoint": "https://storageforlogs011.dfs.core.windows.net/",
            "primary_dfs_host": "storageforlogs011.dfs.core.windows.net",
            "primary_file_endpoint": "https://storageforlogs011.file.core.windows.net/",
            "primary_file_host": "storageforlogs011.file.core.windows.net",
            "primary_location": "westeurope",
            "primary_queue_endpoint": "https://storageforlogs011.queue.core.windows.net/",
            "primary_queue_host": "storageforlogs011.queue.core.windows.net",
            "primary_table_endpoint": "https://storageforlogs011.table.core.windows.net/",
            "primary_table_host": "storageforlogs011.table.core.windows.net",
            "primary_web_endpoint": "https://storageforlogs011.z6.web.core.windows.net/",
            "primary_web_host": "storageforlogs011.z6.web.core.windows.net",
            "public_network_access_enabled": true,
            "queue_encryption_key_type": "Service",
            "queue_properties": [
              {
                "cors_rule": [],
                "hour_metrics": [
                  {
                    "enabled": true,
                    "include_apis": true,
                    "retention_policy_days": 7,
                    "version": "1.0"
                  }
                ],
                "logging": [
                  {
                    "delete": false,
                    "read": false,
                    "retention_policy_days": 0,
                    "version": "1.0",
                    "write": false
                  }
                ],
                "minute_metrics": [
                  {
                    "enabled": false,
                    "include_apis": false,
                    "retention_policy_days": 0,
                    "version": "1.0"
                  }
                ]
              }
            ],
            "resource_group_name": "rg_log_flow",
            "routing": [],
            "sas_policy": [],
            "secondary_access_key": "oNsKHj2BCC+t0jXUhDXZALsnVi1iSttiTbbaXCON+7sBQ+Qz6rXFymCARtbCVpteE5iuOIjxKag++AStXJPWdw==",
            "secondary_blob_connection_string": "",
            "secondary_blob_endpoint": null,
            "secondary_blob_host": null,
            "secondary_connection_string": "DefaultEndpointsProtocol=https;AccountName=storageforlogs011;AccountKey=oNsKHj2BCC+t0jXUhDXZALsnVi1iSttiTbbaXCON+7sBQ+Qz6rXFymCARtbCVpteE5iuOIjxKag++AStXJPWdw==;EndpointSuffix=core.windows.net",
            "secondary_dfs_endpoint": null,
            "secondary_dfs_host": null,
            "secondary_file_endpoint": null,
            "secondary_file_host": null,
            "secondary_location": "",
            "secondary_queue_endpoint": null,
            "secondary_queue_host": null,
            "secondary_table_endpoint": null,
            "secondary_table_host": null,
            "secondary_web_endpoint": null,
            "secondary_web_host": null,
            "sftp_enabled": false,
            "share_properties": [
              {
                "cors_rule": [],
                "retention_policy": [
                  {
                    "days": 7
                  }
                ],
                "smb": []
              }
            ],
            "shared_access_key_enabled": true,
            "static_website": [],
            "table_encryption_key_type": "Service",
            "tags": {},
            "timeouts": null
          },
          "sensitive_attributes": [],
          "private": "eyJlMmJmYjczMC1lY2FhLTExZTYtOGY4OC0zNDM2M2JjN2M0YzAiOnsiY3JlYXRlIjozNjAwMDAwMDAwMDAwLCJkZWxldGUiOjM2MDAwMDAwMDAwMDAsInJlYWQiOjMwMDAwMDAwMDAwMCwidXBkYXRlIjozNjAwMDAwMDAwMDAwfSwic2NoZW1hX3ZlcnNpb24iOiIzIn0=",
          "dependencies": [
            "azurerm_resource_group.rg_log_flow"
          ]
        }
      ]
    },
    {
      "mode": "managed",
      "type": "azurerm_storage_account",
      "name": "storage",
      "provider": "provider[\"registry.terraform.io/hashicorp/azurerm\"]",
      "instances": [
        {
          "index_key": 0,
          "schema_version": 3,
          "attributes": {
            "access_tier": "Hot",
            "account_kind": "StorageV2",
            "account_replication_type": "LRS",
            "account_tier": "Standard",
            "allow_nested_items_to_be_public": true,
            "allowed_copy_scope": "",
            "azure_files_authentication": [],
            "blob_properties": [
              {
                "change_feed_enabled": false,
                "change_feed_retention_in_days": 0,
                "container_delete_retention_policy": [],
                "cors_rule": [],
                "default_service_version": "",
                "delete_retention_policy": [],
                "last_access_time_enabled": false,
                "restore_policy": [],
                "versioning_enabled": false
              }
            ],
            "cross_tenant_replication_enabled": true,
            "custom_domain": [],
            "customer_managed_key": [],
            "default_to_oauth_authentication": false,
            "edge_zone": "",
            "enable_https_traffic_only": true,
            "id": "/subscriptions/82f6d75e-85f4-434a-ab74-5dddd9fa8910/resourceGroups/rg-spoke-app/providers/Microsoft.Storage/storageAccounts/storageforaks011",
            "identity": [],
            "immutability_policy": [],
            "infrastructure_encryption_enabled": false,
            "is_hns_enabled": false,
            "large_file_share_enabled": null,
            "location": "westeurope",
            "min_tls_version": "TLS1_2",
            "name": "storageforaks011",
            "network_rules": [
              {
                "bypass": [
                  "AzureServices",
                  "Logging",
                  "Metrics"
                ],
                "default_action": "Deny",
                "ip_rules": [
                  "176.177.25.47"
                ],
                "private_link_access": [],
                "virtual_network_subnet_ids": []
              }
            ],
            "nfsv3_enabled": false,
            "primary_access_key": "HskP1pT4hr/l3+sKIzVMiBmgtZwbqXnNNQSpYtrhfIQO/AV20e9tqlUbcuEjh2ICdAoAIwY+flFo+AStj1a8Iw==",
            "primary_blob_connection_string": "DefaultEndpointsProtocol=https;BlobEndpoint=https://storageforaks011.blob.core.windows.net/;AccountName=storageforaks011;AccountKey=HskP1pT4hr/l3+sKIzVMiBmgtZwbqXnNNQSpYtrhfIQO/AV20e9tqlUbcuEjh2ICdAoAIwY+flFo+AStj1a8Iw==",
            "primary_blob_endpoint": "https://storageforaks011.blob.core.windows.net/",
            "primary_blob_host": "storageforaks011.blob.core.windows.net",
            "primary_connection_string": "DefaultEndpointsProtocol=https;AccountName=storageforaks011;AccountKey=HskP1pT4hr/l3+sKIzVMiBmgtZwbqXnNNQSpYtrhfIQO/AV20e9tqlUbcuEjh2ICdAoAIwY+flFo+AStj1a8Iw==;EndpointSuffix=core.windows.net",
            "primary_dfs_endpoint": "https://storageforaks011.dfs.core.windows.net/",
            "primary_dfs_host": "storageforaks011.dfs.core.windows.net",
            "primary_file_endpoint": "https://storageforaks011.file.core.windows.net/",
            "primary_file_host": "storageforaks011.file.core.windows.net",
            "primary_location": "westeurope",
            "primary_queue_endpoint": "https://storageforaks011.queue.core.windows.net/",
            "primary_queue_host": "storageforaks011.queue.core.windows.net",
            "primary_table_endpoint": "https://storageforaks011.table.core.windows.net/",
            "primary_table_host": "storageforaks011.table.core.windows.net",
            "primary_web_endpoint": "https://storageforaks011.z6.web.core.windows.net/",
            "primary_web_host": "storageforaks011.z6.web.core.windows.net",
            "public_network_access_enabled": true,
            "queue_encryption_key_type": "Service",
            "queue_properties": [
              {
                "cors_rule": [],
                "hour_metrics": [
                  {
                    "enabled": true,
                    "include_apis": true,
                    "retention_policy_days": 7,
                    "version": "1.0"
                  }
                ],
                "logging": [
                  {
                    "delete": false,
                    "read": false,
                    "retention_policy_days": 0,
                    "version": "1.0",
                    "write": false
                  }
                ],
                "minute_metrics": [
                  {
                    "enabled": false,
                    "include_apis": false,
                    "retention_policy_days": 0,
                    "version": "1.0"
                  }
                ]
              }
            ],
            "resource_group_name": "rg-spoke-app",
            "routing": [],
            "sas_policy": [],
            "secondary_access_key": "tiuBZeAD53Px2Idb6hP39fY2rPfI8+UZ0605ptRN8pLL4xbaV9Tj+jFV3yqVs/Z9M2J2aDxuGJGS+AStzWuyFg==",
            "secondary_blob_connection_string": "",
            "secondary_blob_endpoint": null,
            "secondary_blob_host": null,
            "secondary_connection_string": "DefaultEndpointsProtocol=https;AccountName=storageforaks011;AccountKey=tiuBZeAD53Px2Idb6hP39fY2rPfI8+UZ0605ptRN8pLL4xbaV9Tj+jFV3yqVs/Z9M2J2aDxuGJGS+AStzWuyFg==;EndpointSuffix=core.windows.net",
            "secondary_dfs_endpoint": null,
            "secondary_dfs_host": null,
            "secondary_file_endpoint": null,
            "secondary_file_host": null,
            "secondary_location": "",
            "secondary_queue_endpoint": null,
            "secondary_queue_host": null,
            "secondary_table_endpoint": null,
            "secondary_table_host": null,
            "secondary_web_endpoint": null,
            "secondary_web_host": null,
            "sftp_enabled": false,
            "share_properties": [
              {
                "cors_rule": [],
                "retention_policy": [
                  {
                    "days": 7
                  }
                ],
                "smb": []
              }
            ],
            "shared_access_key_enabled": true,
            "static_website": [],
            "table_encryption_key_type": "Service",
            "tags": {},
            "timeouts": null
          },
          "sensitive_attributes": [],
          "private": "eyJlMmJmYjczMC1lY2FhLTExZTYtOGY4OC0zNDM2M2JjN2M0YzAiOnsiY3JlYXRlIjozNjAwMDAwMDAwMDAwLCJkZWxldGUiOjM2MDAwMDAwMDAwMDAsInJlYWQiOjMwMDAwMDAwMDAwMCwidXBkYXRlIjozNjAwMDAwMDAwMDAwfSwic2NoZW1hX3ZlcnNpb24iOiIzIn0=",
          "dependencies": [
            "azurerm_resource_group.rg_spoke_app"
          ]
        }
      ]
    },
    {
      "mode": "managed",
      "type": "azurerm_storage_account_network_rules",
      "name": "rules_storage",
      "provider": "provider[\"registry.terraform.io/hashicorp/azurerm\"]",
      "instances": [
        {
          "index_key": 0,
          "schema_version": 0,
          "attributes": {
            "bypass": [
              "AzureServices",
              "Logging",
              "Metrics"
            ],
            "default_action": "Deny",
            "id": "/subscriptions/82f6d75e-85f4-434a-ab74-5dddd9fa8910/resourceGroups/rg-spoke-app/providers/Microsoft.Storage/storageAccounts/storageforaks011",
            "ip_rules": [
              "176.177.25.47"
            ],
            "private_link_access": [],
            "storage_account_id": "/subscriptions/82f6d75e-85f4-434a-ab74-5dddd9fa8910/resourceGroups/rg-spoke-app/providers/Microsoft.Storage/storageAccounts/storageforaks011",
            "timeouts": null,
            "virtual_network_subnet_ids": []
          },
          "sensitive_attributes": [],
          "private": "eyJlMmJmYjczMC1lY2FhLTExZTYtOGY4OC0zNDM2M2JjN2M0YzAiOnsiY3JlYXRlIjozNjAwMDAwMDAwMDAwLCJkZWxldGUiOjM2MDAwMDAwMDAwMDAsInJlYWQiOjMwMDAwMDAwMDAwMCwidXBkYXRlIjozNjAwMDAwMDAwMDAwfX0=",
          "dependencies": [
            "azurerm_resource_group.rg_spoke_app",
            "azurerm_storage_account.storage",
            "data.http.machine_ip"
          ]
        }
      ]
    },
    {
      "mode": "managed",
      "type": "azurerm_storage_blob",
      "name": "blob",
      "provider": "provider[\"registry.terraform.io/hashicorp/azurerm\"]",
      "instances": [
        {
          "index_key": 0,
          "schema_version": 1,
          "attributes": {
            "access_tier": "Hot",
            "cache_control": "",
            "content_md5": "",
            "content_type": "application/octet-stream",
            "id": "https://storageforaks011.blob.core.windows.net/my-files/aks.tf",
            "metadata": {},
            "name": "aks.tf",
            "parallelism": 8,
            "size": 0,
            "source": "aks.tf",
            "source_content": null,
            "source_uri": null,
            "storage_account_name": "storageforaks011",
            "storage_container_name": "my-files",
            "timeouts": null,
            "type": "Block",
            "url": "https://storageforaks011.blob.core.windows.net/my-files/aks.tf"
          },
          "sensitive_attributes": [],
          "private": "eyJlMmJmYjczMC1lY2FhLTExZTYtOGY4OC0zNDM2M2JjN2M0YzAiOnsiY3JlYXRlIjoxODAwMDAwMDAwMDAwLCJkZWxldGUiOjE4MDAwMDAwMDAwMDAsInJlYWQiOjMwMDAwMDAwMDAwMCwidXBkYXRlIjoxODAwMDAwMDAwMDAwfSwic2NoZW1hX3ZlcnNpb24iOiIxIn0=",
          "dependencies": [
            "azurerm_resource_group.rg_spoke_app",
            "azurerm_storage_account.storage",
            "azurerm_storage_container.container"
          ]
        }
      ]
    },
    {
      "mode": "managed",
      "type": "azurerm_storage_container",
      "name": "container",
      "provider": "provider[\"registry.terraform.io/hashicorp/azurerm\"]",
      "instances": [
        {
          "index_key": 0,
          "schema_version": 1,
          "attributes": {
            "container_access_type": "container",
            "has_immutability_policy": false,
            "has_legal_hold": false,
            "id": "https://storageforaks011.blob.core.windows.net/my-files",
            "metadata": {},
            "name": "my-files",
            "resource_manager_id": "/subscriptions/82f6d75e-85f4-434a-ab74-5dddd9fa8910/resourceGroups/rg-spoke-app/providers/Microsoft.Storage/storageAccounts/storageforaks011/blobServices/default/containers/my-files",
            "storage_account_name": "storageforaks011",
            "timeouts": null
          },
          "sensitive_attributes": [],
          "private": "eyJlMmJmYjczMC1lY2FhLTExZTYtOGY4OC0zNDM2M2JjN2M0YzAiOnsiY3JlYXRlIjoxODAwMDAwMDAwMDAwLCJkZWxldGUiOjE4MDAwMDAwMDAwMDAsInJlYWQiOjMwMDAwMDAwMDAwMCwidXBkYXRlIjoxODAwMDAwMDAwMDAwfSwic2NoZW1hX3ZlcnNpb24iOiIxIn0=",
          "dependencies": [
            "azurerm_resource_group.rg_spoke_app",
            "azurerm_storage_account.storage"
          ]
        }
      ]
    },
    {
      "mode": "managed",
      "type": "azurerm_subnet",
      "name": "snet_pe",
      "provider": "provider[\"registry.terraform.io/hashicorp/azurerm\"]",
      "instances": [
        {
          "index_key": 0,
          "schema_version": 0,
          "attributes": {
            "address_prefixes": [
              "10.3.2.0/24"
            ],
            "delegation": [],
            "enforce_private_link_endpoint_network_policies": false,
            "enforce_private_link_service_network_policies": false,
            "id": "/subscriptions/82f6d75e-85f4-434a-ab74-5dddd9fa8910/resourceGroups/rg-spoke3/providers/Microsoft.Network/virtualNetworks/vnet_spoke3/subnets/snet-private-endpoint",
            "name": "snet-private-endpoint",
            "private_endpoint_network_policies_enabled": true,
            "private_link_service_network_policies_enabled": true,
            "resource_group_name": "rg-spoke3",
            "service_endpoint_policy_ids": [],
            "service_endpoints": [],
            "timeouts": null,
            "virtual_network_name": "vnet_spoke3"
          },
          "sensitive_attributes": [],
          "private": "eyJlMmJmYjczMC1lY2FhLTExZTYtOGY4OC0zNDM2M2JjN2M0YzAiOnsiY3JlYXRlIjoxODAwMDAwMDAwMDAwLCJkZWxldGUiOjE4MDAwMDAwMDAwMDAsInJlYWQiOjMwMDAwMDAwMDAwMCwidXBkYXRlIjoxODAwMDAwMDAwMDAwfX0=",
          "dependencies": [
            "azurerm_firewall.firewall",
            "azurerm_firewall_policy.firewall_policy",
            "azurerm_log_analytics_workspace.workspace",
            "azurerm_public_ip.public_ip_firewall",
            "azurerm_resource_group.rg_hub",
            "azurerm_resource_group.rg_spoke3",
            "azurerm_resource_group.rg_spoke_app",
            "azurerm_subnet.subnet_firewall",
            "azurerm_virtual_network.vnet_hub",
            "azurerm_virtual_network.vnet_spoke3"
          ]
        }
      ]
    },
    {
      "mode": "managed",
      "type": "azurerm_subnet",
      "name": "snet_vnet_integration",
      "provider": "provider[\"registry.terraform.io/hashicorp/azurerm\"]",
      "instances": [
        {
          "index_key": 0,
          "schema_version": 0,
          "attributes": {
            "address_prefixes": [
              "10.3.1.0/24"
            ],
            "delegation": [
              {
                "name": "delegation",
                "service_delegation": [
                  {
                    "actions": [
                      "Microsoft.Network/virtualNetworks/subnets/action"
                    ],
                    "name": "Microsoft.Web/serverFarms"
                  }
                ]
              }
            ],
            "enforce_private_link_endpoint_network_policies": false,
            "enforce_private_link_service_network_policies": false,
            "id": "/subscriptions/82f6d75e-85f4-434a-ab74-5dddd9fa8910/resourceGroups/rg-spoke3/providers/Microsoft.Network/virtualNetworks/vnet_spoke3/subnets/snet-vnet-integration",
            "name": "snet-vnet-integration",
            "private_endpoint_network_policies_enabled": true,
            "private_link_service_network_policies_enabled": true,
            "resource_group_name": "rg-spoke3",
            "service_endpoint_policy_ids": [],
            "service_endpoints": [],
            "timeouts": null,
            "virtual_network_name": "vnet_spoke3"
          },
          "sensitive_attributes": [],
          "private": "eyJlMmJmYjczMC1lY2FhLTExZTYtOGY4OC0zNDM2M2JjN2M0YzAiOnsiY3JlYXRlIjoxODAwMDAwMDAwMDAwLCJkZWxldGUiOjE4MDAwMDAwMDAwMDAsInJlYWQiOjMwMDAwMDAwMDAwMCwidXBkYXRlIjoxODAwMDAwMDAwMDAwfX0=",
          "dependencies": [
            "azurerm_firewall.firewall",
            "azurerm_firewall_policy.firewall_policy",
            "azurerm_log_analytics_workspace.workspace",
            "azurerm_public_ip.public_ip_firewall",
            "azurerm_resource_group.rg_hub",
            "azurerm_resource_group.rg_spoke3",
            "azurerm_resource_group.rg_spoke_app",
            "azurerm_subnet.subnet_firewall",
            "azurerm_virtual_network.vnet_hub",
            "azurerm_virtual_network.vnet_spoke3"
          ]
        }
      ]
    },
    {
      "mode": "managed",
      "type": "azurerm_subnet",
      "name": "subnet_apiserver",
      "provider": "provider[\"registry.terraform.io/hashicorp/azurerm\"]",
      "instances": [
        {
          "index_key": 0,
          "schema_version": 0,
          "attributes": {
            "address_prefixes": [
              "10.1.4.0/28"
            ],
            "delegation": [
              {
                "name": "aks-delegation",
                "service_delegation": [
                  {
                    "actions": [
                      "Microsoft.Network/virtualNetworks/subnets/join/action"
                    ],
                    "name": "Microsoft.ContainerService/managedClusters"
                  }
                ]
              }
            ],
            "enforce_private_link_endpoint_network_policies": false,
            "enforce_private_link_service_network_policies": false,
            "id": "/subscriptions/82f6d75e-85f4-434a-ab74-5dddd9fa8910/resourceGroups/rg-spoke-app/providers/Microsoft.Network/virtualNetworks/vnet-spoke-app/subnets/subnet-apiserver",
            "name": "subnet-apiserver",
            "private_endpoint_network_policies_enabled": true,
            "private_link_service_network_policies_enabled": true,
            "resource_group_name": "rg-spoke-app",
            "service_endpoint_policy_ids": [],
            "service_endpoints": [],
            "timeouts": null,
            "virtual_network_name": "vnet-spoke-app"
          },
          "sensitive_attributes": [],
          "private": "eyJlMmJmYjczMC1lY2FhLTExZTYtOGY4OC0zNDM2M2JjN2M0YzAiOnsiY3JlYXRlIjoxODAwMDAwMDAwMDAwLCJkZWxldGUiOjE4MDAwMDAwMDAwMDAsInJlYWQiOjMwMDAwMDAwMDAwMCwidXBkYXRlIjoxODAwMDAwMDAwMDAwfX0=",
          "dependencies": [
            "azurerm_firewall.firewall",
            "azurerm_firewall_policy.firewall_policy",
            "azurerm_log_analytics_workspace.workspace",
            "azurerm_public_ip.public_ip_firewall",
            "azurerm_resource_group.rg_hub",
            "azurerm_resource_group.rg_spoke_app",
            "azurerm_subnet.subnet_firewall",
            "azurerm_virtual_network.vnet_hub",
            "azurerm_virtual_network.vnet_spoke_app"
          ]
        }
      ]
    },
    {
      "mode": "managed",
      "type": "azurerm_subnet",
      "name": "subnet_bastion",
      "provider": "provider[\"registry.terraform.io/hashicorp/azurerm\"]",
      "instances": [
        {
          "index_key": 0,
          "schema_version": 0,
          "attributes": {
            "address_prefixes": [
              "172.16.1.0/27"
            ],
            "delegation": [],
            "enforce_private_link_endpoint_network_policies": false,
            "enforce_private_link_service_network_policies": false,
            "id": "/subscriptions/82f6d75e-85f4-434a-ab74-5dddd9fa8910/resourceGroups/rg-hub/providers/Microsoft.Network/virtualNetworks/vnet-hub/subnets/AzureBastionSubnet",
            "name": "AzureBastionSubnet",
            "private_endpoint_network_policies_enabled": true,
            "private_link_service_network_policies_enabled": true,
            "resource_group_name": "rg-hub",
            "service_endpoint_policy_ids": [],
            "service_endpoints": [],
            "timeouts": null,
            "virtual_network_name": "vnet-hub"
          },
          "sensitive_attributes": [],
          "private": "eyJlMmJmYjczMC1lY2FhLTExZTYtOGY4OC0zNDM2M2JjN2M0YzAiOnsiY3JlYXRlIjoxODAwMDAwMDAwMDAwLCJkZWxldGUiOjE4MDAwMDAwMDAwMDAsInJlYWQiOjMwMDAwMDAwMDAwMCwidXBkYXRlIjoxODAwMDAwMDAwMDAwfX0=",
          "dependencies": [
            "azurerm_resource_group.rg_hub",
            "azurerm_virtual_network.vnet_hub"
          ]
        }
      ]
    },
    {
      "mode": "managed",
      "type": "azurerm_subnet",
      "name": "subnet_firewall",
      "provider": "provider[\"registry.terraform.io/hashicorp/azurerm\"].subscription_hub",
      "instances": [
        {
          "index_key": 0,
          "schema_version": 0,
          "attributes": {
            "address_prefixes": [
              "172.16.0.0/26"
            ],
            "delegation": [],
            "enforce_private_link_endpoint_network_policies": true,
            "enforce_private_link_service_network_policies": false,
            "id": "/subscriptions/82f6d75e-85f4-434a-ab74-5dddd9fa8910/resourceGroups/rg-hub/providers/Microsoft.Network/virtualNetworks/vnet-hub/subnets/AzureFirewallSubnet",
            "name": "AzureFirewallSubnet",
            "private_endpoint_network_policies_enabled": false,
            "private_link_service_network_policies_enabled": true,
            "resource_group_name": "rg-hub",
            "service_endpoint_policy_ids": [],
            "service_endpoints": [],
            "timeouts": null,
            "virtual_network_name": "vnet-hub"
          },
          "sensitive_attributes": [],
          "private": "eyJlMmJmYjczMC1lY2FhLTExZTYtOGY4OC0zNDM2M2JjN2M0YzAiOnsiY3JlYXRlIjoxODAwMDAwMDAwMDAwLCJkZWxldGUiOjE4MDAwMDAwMDAwMDAsInJlYWQiOjMwMDAwMDAwMDAwMCwidXBkYXRlIjoxODAwMDAwMDAwMDAwfX0=",
          "dependencies": [
            "azurerm_resource_group.rg_hub",
            "azurerm_virtual_network.vnet_hub"
          ],
          "create_before_destroy": true
        }
      ]
    },
    {
      "mode": "managed",
      "type": "azurerm_subnet",
      "name": "subnet_mgt",
      "provider": "provider[\"registry.terraform.io/hashicorp/azurerm\"]",
      "instances": [
        {
          "index_key": 0,
          "schema_version": 0,
          "attributes": {
            "address_prefixes": [
              "10.2.0.0/24"
            ],
            "delegation": [],
            "enforce_private_link_endpoint_network_policies": false,
            "enforce_private_link_service_network_policies": false,
            "id": "/subscriptions/82f6d75e-85f4-434a-ab74-5dddd9fa8910/resourceGroups/rg-spoke-mgt/providers/Microsoft.Network/virtualNetworks/vnet-spoke-mgt/subnets/subnet-mgt",
            "name": "subnet-mgt",
            "private_endpoint_network_policies_enabled": true,
            "private_link_service_network_policies_enabled": true,
            "resource_group_name": "rg-spoke-mgt",
            "service_endpoint_policy_ids": [],
            "service_endpoints": [],
            "timeouts": null,
            "virtual_network_name": "vnet-spoke-mgt"
          },
          "sensitive_attributes": [],
          "private": "eyJlMmJmYjczMC1lY2FhLTExZTYtOGY4OC0zNDM2M2JjN2M0YzAiOnsiY3JlYXRlIjoxODAwMDAwMDAwMDAwLCJkZWxldGUiOjE4MDAwMDAwMDAwMDAsInJlYWQiOjMwMDAwMDAwMDAwMCwidXBkYXRlIjoxODAwMDAwMDAwMDAwfX0=",
          "dependencies": [
            "azurerm_firewall.firewall",
            "azurerm_firewall_policy.firewall_policy",
            "azurerm_log_analytics_workspace.workspace",
            "azurerm_public_ip.public_ip_firewall",
            "azurerm_resource_group.rg_hub",
            "azurerm_resource_group.rg_spoke_app",
            "azurerm_resource_group.rg_spoke_mgt",
            "azurerm_subnet.subnet_firewall",
            "azurerm_virtual_network.vnet_hub",
            "azurerm_virtual_network.vnet_spoke_mgt"
          ]
        }
      ]
    },
    {
      "mode": "managed",
      "type": "azurerm_subnet",
      "name": "subnet_nodes",
      "provider": "provider[\"registry.terraform.io/hashicorp/azurerm\"]",
      "instances": [
        {
          "schema_version": 0,
          "attributes": {
            "address_prefixes": [
              "10.1.3.0/24"
            ],
            "delegation": [],
            "enforce_private_link_endpoint_network_policies": false,
            "enforce_private_link_service_network_policies": false,
            "id": "/subscriptions/82f6d75e-85f4-434a-ab74-5dddd9fa8910/resourceGroups/rg-spoke-app/providers/Microsoft.Network/virtualNetworks/vnet-spoke-app/subnets/subnet-nodes",
            "name": "subnet-nodes",
            "private_endpoint_network_policies_enabled": true,
            "private_link_service_network_policies_enabled": true,
            "resource_group_name": "rg-spoke-app",
            "service_endpoint_policy_ids": [],
            "service_endpoints": [],
            "timeouts": null,
            "virtual_network_name": "vnet-spoke-app"
          },
          "sensitive_attributes": [],
          "private": "eyJlMmJmYjczMC1lY2FhLTExZTYtOGY4OC0zNDM2M2JjN2M0YzAiOnsiY3JlYXRlIjoxODAwMDAwMDAwMDAwLCJkZWxldGUiOjE4MDAwMDAwMDAwMDAsInJlYWQiOjMwMDAwMDAwMDAwMCwidXBkYXRlIjoxODAwMDAwMDAwMDAwfX0=",
          "dependencies": [
            "azurerm_firewall.firewall",
            "azurerm_firewall_policy.firewall_policy",
            "azurerm_log_analytics_workspace.workspace",
            "azurerm_public_ip.public_ip_firewall",
            "azurerm_resource_group.rg_hub",
            "azurerm_resource_group.rg_spoke_app",
            "azurerm_subnet.subnet_firewall",
            "azurerm_virtual_network.vnet_hub",
            "azurerm_virtual_network.vnet_spoke_app"
          ]
        }
      ]
    },
    {
      "mode": "managed",
      "type": "azurerm_subnet",
      "name": "subnet_pe",
      "provider": "provider[\"registry.terraform.io/hashicorp/azurerm\"]",
      "instances": [
        {
          "index_key": 0,
          "schema_version": 0,
          "attributes": {
            "address_prefixes": [
              "10.1.2.0/28"
            ],
            "delegation": [],
            "enforce_private_link_endpoint_network_policies": false,
            "enforce_private_link_service_network_policies": false,
            "id": "/subscriptions/82f6d75e-85f4-434a-ab74-5dddd9fa8910/resourceGroups/rg-spoke-app/providers/Microsoft.Network/virtualNetworks/vnet-spoke-app/subnets/subnet-pe",
            "name": "subnet-pe",
            "private_endpoint_network_policies_enabled": true,
            "private_link_service_network_policies_enabled": true,
            "resource_group_name": "rg-spoke-app",
            "service_endpoint_policy_ids": [],
            "service_endpoints": [],
            "timeouts": null,
            "virtual_network_name": "vnet-spoke-app"
          },
          "sensitive_attributes": [],
          "private": "eyJlMmJmYjczMC1lY2FhLTExZTYtOGY4OC0zNDM2M2JjN2M0YzAiOnsiY3JlYXRlIjoxODAwMDAwMDAwMDAwLCJkZWxldGUiOjE4MDAwMDAwMDAwMDAsInJlYWQiOjMwMDAwMDAwMDAwMCwidXBkYXRlIjoxODAwMDAwMDAwMDAwfX0=",
          "dependencies": [
            "azurerm_firewall.firewall",
            "azurerm_firewall_policy.firewall_policy",
            "azurerm_log_analytics_workspace.workspace",
            "azurerm_public_ip.public_ip_firewall",
            "azurerm_resource_group.rg_hub",
            "azurerm_resource_group.rg_spoke_app",
            "azurerm_subnet.subnet_firewall",
            "azurerm_virtual_network.vnet_hub",
            "azurerm_virtual_network.vnet_spoke_app"
          ]
        }
      ]
    },
    {
      "mode": "managed",
      "type": "azurerm_subnet",
      "name": "subnet_pods",
      "provider": "provider[\"registry.terraform.io/hashicorp/azurerm\"]",
      "instances": [
        {
          "schema_version": 0,
          "attributes": {
            "address_prefixes": [
              "10.1.240.0/20"
            ],
            "delegation": [
              {
                "name": "aks-delegation",
                "service_delegation": [
                  {
                    "actions": [
                      "Microsoft.Network/virtualNetworks/subnets/join/action"
                    ],
                    "name": "Microsoft.ContainerService/managedClusters"
                  }
                ]
              }
            ],
            "enforce_private_link_endpoint_network_policies": false,
            "enforce_private_link_service_network_policies": false,
            "id": "/subscriptions/82f6d75e-85f4-434a-ab74-5dddd9fa8910/resourceGroups/rg-spoke-app/providers/Microsoft.Network/virtualNetworks/vnet-spoke-app/subnets/subnet-pods",
            "name": "subnet-pods",
            "private_endpoint_network_policies_enabled": true,
            "private_link_service_network_policies_enabled": true,
            "resource_group_name": "rg-spoke-app",
            "service_endpoint_policy_ids": [],
            "service_endpoints": [],
            "timeouts": null,
            "virtual_network_name": "vnet-spoke-app"
          },
          "sensitive_attributes": [],
          "private": "eyJlMmJmYjczMC1lY2FhLTExZTYtOGY4OC0zNDM2M2JjN2M0YzAiOnsiY3JlYXRlIjoxODAwMDAwMDAwMDAwLCJkZWxldGUiOjE4MDAwMDAwMDAwMDAsInJlYWQiOjMwMDAwMDAwMDAwMCwidXBkYXRlIjoxODAwMDAwMDAwMDAwfX0=",
          "dependencies": [
            "azurerm_firewall.firewall",
            "azurerm_firewall_policy.firewall_policy",
            "azurerm_log_analytics_workspace.workspace",
            "azurerm_public_ip.public_ip_firewall",
            "azurerm_resource_group.rg_hub",
            "azurerm_resource_group.rg_spoke_app",
            "azurerm_subnet.subnet_firewall",
            "azurerm_virtual_network.vnet_hub",
            "azurerm_virtual_network.vnet_spoke_app"
          ]
        }
      ]
    },
    {
      "mode": "managed",
      "type": "azurerm_subnet_network_security_group_association",
      "name": "association_nsg_subnet_mgt",
      "provider": "provider[\"registry.terraform.io/hashicorp/azurerm\"]",
      "instances": [
        {
          "index_key": 0,
          "schema_version": 0,
          "attributes": {
            "id": "/subscriptions/82f6d75e-85f4-434a-ab74-5dddd9fa8910/resourceGroups/rg-spoke-mgt/providers/Microsoft.Network/virtualNetworks/vnet-spoke-mgt/subnets/subnet-mgt",
            "network_security_group_id": "/subscriptions/82f6d75e-85f4-434a-ab74-5dddd9fa8910/resourceGroups/rg-spoke-mgt/providers/Microsoft.Network/networkSecurityGroups/nsg_subnet_mgt",
            "subnet_id": "/subscriptions/82f6d75e-85f4-434a-ab74-5dddd9fa8910/resourceGroups/rg-spoke-mgt/providers/Microsoft.Network/virtualNetworks/vnet-spoke-mgt/subnets/subnet-mgt",
            "timeouts": null
          },
          "sensitive_attributes": [],
          "private": "eyJlMmJmYjczMC1lY2FhLTExZTYtOGY4OC0zNDM2M2JjN2M0YzAiOnsiY3JlYXRlIjoxODAwMDAwMDAwMDAwLCJkZWxldGUiOjE4MDAwMDAwMDAwMDAsInJlYWQiOjMwMDAwMDAwMDAwMCwidXBkYXRlIjoxODAwMDAwMDAwMDAwfX0=",
          "dependencies": [
            "azurerm_firewall.firewall",
            "azurerm_firewall_policy.firewall_policy",
            "azurerm_log_analytics_workspace.workspace",
            "azurerm_network_security_group.nsg_subnet_mgt",
            "azurerm_public_ip.public_ip_firewall",
            "azurerm_resource_group.rg_hub",
            "azurerm_resource_group.rg_spoke_app",
            "azurerm_resource_group.rg_spoke_mgt",
            "azurerm_subnet.subnet_firewall",
            "azurerm_subnet.subnet_mgt",
            "azurerm_virtual_network.vnet_hub",
            "azurerm_virtual_network.vnet_spoke_mgt"
          ]
        }
      ]
    },
    {
      "mode": "managed",
      "type": "azurerm_subnet_network_security_group_association",
      "name": "association_nsg_subnet_nodes",
      "provider": "provider[\"registry.terraform.io/hashicorp/azurerm\"]",
      "instances": [
        {
          "index_key": 0,
          "schema_version": 0,
          "attributes": {
            "id": "/subscriptions/82f6d75e-85f4-434a-ab74-5dddd9fa8910/resourceGroups/rg-spoke-app/providers/Microsoft.Network/virtualNetworks/vnet-spoke-app/subnets/subnet-nodes",
            "network_security_group_id": "/subscriptions/82f6d75e-85f4-434a-ab74-5dddd9fa8910/resourceGroups/rg-spoke-aks/providers/Microsoft.Network/networkSecurityGroups/nsg_subnet_nodes",
            "subnet_id": "/subscriptions/82f6d75e-85f4-434a-ab74-5dddd9fa8910/resourceGroups/rg-spoke-app/providers/Microsoft.Network/virtualNetworks/vnet-spoke-app/subnets/subnet-nodes",
            "timeouts": null
          },
          "sensitive_attributes": [],
          "private": "eyJlMmJmYjczMC1lY2FhLTExZTYtOGY4OC0zNDM2M2JjN2M0YzAiOnsiY3JlYXRlIjoxODAwMDAwMDAwMDAwLCJkZWxldGUiOjE4MDAwMDAwMDAwMDAsInJlYWQiOjMwMDAwMDAwMDAwMCwidXBkYXRlIjoxODAwMDAwMDAwMDAwfX0=",
          "dependencies": [
            "azurerm_firewall.firewall",
            "azurerm_firewall_policy.firewall_policy",
            "azurerm_log_analytics_workspace.workspace",
            "azurerm_network_security_group.nsg_subnet_nodes",
            "azurerm_public_ip.public_ip_firewall",
            "azurerm_resource_group.rg_hub",
            "azurerm_resource_group.rg_spoke_aks",
            "azurerm_resource_group.rg_spoke_app",
            "azurerm_subnet.subnet_firewall",
            "azurerm_subnet.subnet_nodes",
            "azurerm_virtual_network.vnet_hub",
            "azurerm_virtual_network.vnet_spoke_app"
          ]
        }
      ]
    },
    {
      "mode": "managed",
      "type": "azurerm_subnet_network_security_group_association",
      "name": "association_nsg_subnet_pods",
      "provider": "provider[\"registry.terraform.io/hashicorp/azurerm\"]",
      "instances": [
        {
          "index_key": 0,
          "schema_version": 0,
          "attributes": {
            "id": "/subscriptions/82f6d75e-85f4-434a-ab74-5dddd9fa8910/resourceGroups/rg-spoke-app/providers/Microsoft.Network/virtualNetworks/vnet-spoke-app/subnets/subnet-pods",
            "network_security_group_id": "/subscriptions/82f6d75e-85f4-434a-ab74-5dddd9fa8910/resourceGroups/rg-spoke-aks/providers/Microsoft.Network/networkSecurityGroups/nsg_subnet_pods",
            "subnet_id": "/subscriptions/82f6d75e-85f4-434a-ab74-5dddd9fa8910/resourceGroups/rg-spoke-app/providers/Microsoft.Network/virtualNetworks/vnet-spoke-app/subnets/subnet-pods",
            "timeouts": null
          },
          "sensitive_attributes": [],
          "private": "eyJlMmJmYjczMC1lY2FhLTExZTYtOGY4OC0zNDM2M2JjN2M0YzAiOnsiY3JlYXRlIjoxODAwMDAwMDAwMDAwLCJkZWxldGUiOjE4MDAwMDAwMDAwMDAsInJlYWQiOjMwMDAwMDAwMDAwMCwidXBkYXRlIjoxODAwMDAwMDAwMDAwfX0=",
          "dependencies": [
            "azurerm_firewall.firewall",
            "azurerm_firewall_policy.firewall_policy",
            "azurerm_log_analytics_workspace.workspace",
            "azurerm_network_security_group.nsg_subnet_pods",
            "azurerm_public_ip.public_ip_firewall",
            "azurerm_resource_group.rg_hub",
            "azurerm_resource_group.rg_spoke_aks",
            "azurerm_resource_group.rg_spoke_app",
            "azurerm_subnet.subnet_firewall",
            "azurerm_subnet.subnet_pods",
            "azurerm_virtual_network.vnet_hub",
            "azurerm_virtual_network.vnet_spoke_app"
          ]
        }
      ]
    },
    {
      "mode": "managed",
      "type": "azurerm_subnet_network_security_group_association",
      "name": "association_nsg_subnet_vnet_integration",
      "provider": "provider[\"registry.terraform.io/hashicorp/azurerm\"]",
      "instances": [
        {
          "index_key": 0,
          "schema_version": 0,
          "attributes": {
            "id": "/subscriptions/82f6d75e-85f4-434a-ab74-5dddd9fa8910/resourceGroups/rg-spoke3/providers/Microsoft.Network/virtualNetworks/vnet_spoke3/subnets/snet-vnet-integration",
            "network_security_group_id": "/subscriptions/82f6d75e-85f4-434a-ab74-5dddd9fa8910/resourceGroups/rg-spoke3/providers/Microsoft.Network/networkSecurityGroups/nsg_subnet_vnet_integration",
            "subnet_id": "/subscriptions/82f6d75e-85f4-434a-ab74-5dddd9fa8910/resourceGroups/rg-spoke3/providers/Microsoft.Network/virtualNetworks/vnet_spoke3/subnets/snet-vnet-integration",
            "timeouts": null
          },
          "sensitive_attributes": [],
          "private": "eyJlMmJmYjczMC1lY2FhLTExZTYtOGY4OC0zNDM2M2JjN2M0YzAiOnsiY3JlYXRlIjoxODAwMDAwMDAwMDAwLCJkZWxldGUiOjE4MDAwMDAwMDAwMDAsInJlYWQiOjMwMDAwMDAwMDAwMCwidXBkYXRlIjoxODAwMDAwMDAwMDAwfX0=",
          "dependencies": [
            "azurerm_firewall.firewall",
            "azurerm_firewall_policy.firewall_policy",
            "azurerm_log_analytics_workspace.workspace",
            "azurerm_network_security_group.nsg_subnet_vnet_integration",
            "azurerm_public_ip.public_ip_firewall",
            "azurerm_resource_group.rg_hub",
            "azurerm_resource_group.rg_spoke3",
            "azurerm_resource_group.rg_spoke_app",
            "azurerm_subnet.snet_vnet_integration",
            "azurerm_subnet.subnet_firewall",
            "azurerm_virtual_network.vnet_hub",
            "azurerm_virtual_network.vnet_spoke3"
          ]
        }
      ]
    },
    {
      "mode": "managed",
      "type": "azurerm_subnet_route_table_association",
      "name": "association_route_table_subnet_mgt",
      "provider": "provider[\"registry.terraform.io/hashicorp/azurerm\"]",
      "instances": [
        {
          "index_key": 0,
          "schema_version": 0,
          "attributes": {
            "id": "/subscriptions/82f6d75e-85f4-434a-ab74-5dddd9fa8910/resourceGroups/rg-spoke-mgt/providers/Microsoft.Network/virtualNetworks/vnet-spoke-mgt/subnets/subnet-mgt",
            "route_table_id": "/subscriptions/82f6d75e-85f4-434a-ab74-5dddd9fa8910/resourceGroups/rg-spoke-mgt/providers/Microsoft.Network/routeTables/route_table_subnet_mgt",
            "subnet_id": "/subscriptions/82f6d75e-85f4-434a-ab74-5dddd9fa8910/resourceGroups/rg-spoke-mgt/providers/Microsoft.Network/virtualNetworks/vnet-spoke-mgt/subnets/subnet-mgt",
            "timeouts": null
          },
          "sensitive_attributes": [],
          "private": "eyJlMmJmYjczMC1lY2FhLTExZTYtOGY4OC0zNDM2M2JjN2M0YzAiOnsiY3JlYXRlIjoxODAwMDAwMDAwMDAwLCJkZWxldGUiOjE4MDAwMDAwMDAwMDAsInJlYWQiOjMwMDAwMDAwMDAwMCwidXBkYXRlIjoxODAwMDAwMDAwMDAwfX0=",
          "dependencies": [
            "azurerm_firewall.firewall",
            "azurerm_firewall_policy.firewall_policy",
            "azurerm_log_analytics_workspace.workspace",
            "azurerm_public_ip.public_ip_firewall",
            "azurerm_resource_group.rg_hub",
            "azurerm_resource_group.rg_spoke_app",
            "azurerm_resource_group.rg_spoke_mgt",
            "azurerm_route_table.route_table_to_firewall",
            "azurerm_subnet.subnet_firewall",
            "azurerm_subnet.subnet_mgt",
            "azurerm_virtual_network.vnet_hub",
            "azurerm_virtual_network.vnet_spoke_mgt"
          ]
        }
      ]
    },
    {
      "mode": "managed",
      "type": "azurerm_subnet_route_table_association",
      "name": "association_route_table_subnet_nodes",
      "provider": "provider[\"registry.terraform.io/hashicorp/azurerm\"]",
      "instances": [
        {
          "index_key": 0,
          "schema_version": 0,
          "attributes": {
            "id": "/subscriptions/82f6d75e-85f4-434a-ab74-5dddd9fa8910/resourceGroups/rg-spoke-app/providers/Microsoft.Network/virtualNetworks/vnet-spoke-app/subnets/subnet-nodes",
            "route_table_id": "/subscriptions/82f6d75e-85f4-434a-ab74-5dddd9fa8910/resourceGroups/rg-spoke-mgt/providers/Microsoft.Network/routeTables/route_table_subnet_mgt",
            "subnet_id": "/subscriptions/82f6d75e-85f4-434a-ab74-5dddd9fa8910/resourceGroups/rg-spoke-app/providers/Microsoft.Network/virtualNetworks/vnet-spoke-app/subnets/subnet-nodes",
            "timeouts": null
          },
          "sensitive_attributes": [],
          "private": "eyJlMmJmYjczMC1lY2FhLTExZTYtOGY4OC0zNDM2M2JjN2M0YzAiOnsiY3JlYXRlIjoxODAwMDAwMDAwMDAwLCJkZWxldGUiOjE4MDAwMDAwMDAwMDAsInJlYWQiOjMwMDAwMDAwMDAwMCwidXBkYXRlIjoxODAwMDAwMDAwMDAwfX0=",
          "dependencies": [
            "azurerm_firewall.firewall",
            "azurerm_firewall_policy.firewall_policy",
            "azurerm_log_analytics_workspace.workspace",
            "azurerm_public_ip.public_ip_firewall",
            "azurerm_resource_group.rg_hub",
            "azurerm_resource_group.rg_spoke_app",
            "azurerm_resource_group.rg_spoke_mgt",
            "azurerm_route_table.route_table_to_firewall",
            "azurerm_subnet.subnet_firewall",
            "azurerm_subnet.subnet_nodes",
            "azurerm_virtual_network.vnet_hub",
            "azurerm_virtual_network.vnet_spoke_app"
          ]
        }
      ]
    },
    {
      "mode": "managed",
      "type": "azurerm_subnet_route_table_association",
      "name": "association_route_table_subnet_pods",
      "provider": "provider[\"registry.terraform.io/hashicorp/azurerm\"]",
      "instances": [
        {
          "index_key": 0,
          "schema_version": 0,
          "attributes": {
            "id": "/subscriptions/82f6d75e-85f4-434a-ab74-5dddd9fa8910/resourceGroups/rg-spoke-app/providers/Microsoft.Network/virtualNetworks/vnet-spoke-app/subnets/subnet-pods",
            "route_table_id": "/subscriptions/82f6d75e-85f4-434a-ab74-5dddd9fa8910/resourceGroups/rg-spoke-mgt/providers/Microsoft.Network/routeTables/route_table_subnet_mgt",
            "subnet_id": "/subscriptions/82f6d75e-85f4-434a-ab74-5dddd9fa8910/resourceGroups/rg-spoke-app/providers/Microsoft.Network/virtualNetworks/vnet-spoke-app/subnets/subnet-pods",
            "timeouts": null
          },
          "sensitive_attributes": [],
          "private": "eyJlMmJmYjczMC1lY2FhLTExZTYtOGY4OC0zNDM2M2JjN2M0YzAiOnsiY3JlYXRlIjoxODAwMDAwMDAwMDAwLCJkZWxldGUiOjE4MDAwMDAwMDAwMDAsInJlYWQiOjMwMDAwMDAwMDAwMCwidXBkYXRlIjoxODAwMDAwMDAwMDAwfX0=",
          "dependencies": [
            "azurerm_firewall.firewall",
            "azurerm_firewall_policy.firewall_policy",
            "azurerm_log_analytics_workspace.workspace",
            "azurerm_public_ip.public_ip_firewall",
            "azurerm_resource_group.rg_hub",
            "azurerm_resource_group.rg_spoke_app",
            "azurerm_resource_group.rg_spoke_mgt",
            "azurerm_route_table.route_table_to_firewall",
            "azurerm_subnet.subnet_firewall",
            "azurerm_subnet.subnet_pods",
            "azurerm_virtual_network.vnet_hub",
            "azurerm_virtual_network.vnet_spoke_app"
          ]
        }
      ]
    },
    {
      "mode": "managed",
      "type": "azurerm_subnet_route_table_association",
      "name": "association_route_table_subnet_vnet_integration",
      "provider": "provider[\"registry.terraform.io/hashicorp/azurerm\"]",
      "instances": [
        {
          "index_key": 0,
          "schema_version": 0,
          "attributes": {
            "id": "/subscriptions/82f6d75e-85f4-434a-ab74-5dddd9fa8910/resourceGroups/rg-spoke3/providers/Microsoft.Network/virtualNetworks/vnet_spoke3/subnets/snet-vnet-integration",
            "route_table_id": "/subscriptions/82f6d75e-85f4-434a-ab74-5dddd9fa8910/resourceGroups/rg-spoke-mgt/providers/Microsoft.Network/routeTables/route_table_subnet_mgt",
            "subnet_id": "/subscriptions/82f6d75e-85f4-434a-ab74-5dddd9fa8910/resourceGroups/rg-spoke3/providers/Microsoft.Network/virtualNetworks/vnet_spoke3/subnets/snet-vnet-integration",
            "timeouts": null
          },
          "sensitive_attributes": [],
          "private": "eyJlMmJmYjczMC1lY2FhLTExZTYtOGY4OC0zNDM2M2JjN2M0YzAiOnsiY3JlYXRlIjoxODAwMDAwMDAwMDAwLCJkZWxldGUiOjE4MDAwMDAwMDAwMDAsInJlYWQiOjMwMDAwMDAwMDAwMCwidXBkYXRlIjoxODAwMDAwMDAwMDAwfX0=",
          "dependencies": [
            "azurerm_firewall.firewall",
            "azurerm_firewall_policy.firewall_policy",
            "azurerm_log_analytics_workspace.workspace",
            "azurerm_public_ip.public_ip_firewall",
            "azurerm_resource_group.rg_hub",
            "azurerm_resource_group.rg_spoke3",
            "azurerm_resource_group.rg_spoke_app",
            "azurerm_resource_group.rg_spoke_mgt",
            "azurerm_route_table.route_table_to_firewall",
            "azurerm_subnet.snet_vnet_integration",
            "azurerm_subnet.subnet_firewall",
            "azurerm_virtual_network.vnet_hub",
            "azurerm_virtual_network.vnet_spoke3"
          ]
        }
      ]
    },
    {
      "mode": "managed",
      "type": "azurerm_user_assigned_identity",
      "name": "identity-kubelet",
      "provider": "provider[\"registry.terraform.io/hashicorp/azurerm\"]",
      "instances": [
        {
          "index_key": 0,
          "schema_version": 1,
          "attributes": {
            "client_id": "0f4a82ff-e1da-49f9-a122-e6105daf66f2",
            "id": "/subscriptions/82f6d75e-85f4-434a-ab74-5dddd9fa8910/resourceGroups/rg-spoke-aks/providers/Microsoft.ManagedIdentity/userAssignedIdentities/identity-kubelet",
            "location": "westeurope",
            "name": "identity-kubelet",
            "principal_id": "af90c5c4-c2ca-4d9d-aea6-f227e2323354",
            "resource_group_name": "rg-spoke-aks",
            "tags": {
              "architecture": "Hub\u0026Spoke",
              "environment": "development",
              "source": "terraform"
            },
            "tenant_id": "16b3c013-d300-468d-ac64-7eda0820b6d3",
            "timeouts": null
          },
          "sensitive_attributes": [],
          "private": "eyJlMmJmYjczMC1lY2FhLTExZTYtOGY4OC0zNDM2M2JjN2M0YzAiOnsiY3JlYXRlIjoxODAwMDAwMDAwMDAwLCJkZWxldGUiOjE4MDAwMDAwMDAwMDAsInJlYWQiOjMwMDAwMDAwMDAwMCwidXBkYXRlIjoxODAwMDAwMDAwMDAwfSwic2NoZW1hX3ZlcnNpb24iOiIxIn0=",
          "dependencies": [
            "azurerm_resource_group.rg_spoke_aks"
          ]
        }
      ]
    },
    {
      "mode": "managed",
      "type": "azurerm_user_assigned_identity",
      "name": "identity_aks",
      "provider": "provider[\"registry.terraform.io/hashicorp/azurerm\"]",
      "instances": [
        {
          "index_key": 0,
          "schema_version": 1,
          "attributes": {
            "client_id": "320f5868-b999-4af9-9e0e-dcab59326378",
            "id": "/subscriptions/82f6d75e-85f4-434a-ab74-5dddd9fa8910/resourceGroups/rg-spoke-aks/providers/Microsoft.ManagedIdentity/userAssignedIdentities/identity-aks",
            "location": "westeurope",
            "name": "identity-aks",
            "principal_id": "ab1450c9-8517-4ee6-8032-52e9ab873caf",
            "resource_group_name": "rg-spoke-aks",
            "tags": {
              "architecture": "Hub\u0026Spoke",
              "environment": "development",
              "source": "terraform"
            },
            "tenant_id": "16b3c013-d300-468d-ac64-7eda0820b6d3",
            "timeouts": null
          },
          "sensitive_attributes": [],
          "private": "eyJlMmJmYjczMC1lY2FhLTExZTYtOGY4OC0zNDM2M2JjN2M0YzAiOnsiY3JlYXRlIjoxODAwMDAwMDAwMDAwLCJkZWxldGUiOjE4MDAwMDAwMDAwMDAsInJlYWQiOjMwMDAwMDAwMDAwMCwidXBkYXRlIjoxODAwMDAwMDAwMDAwfSwic2NoZW1hX3ZlcnNpb24iOiIxIn0=",
          "dependencies": [
            "azurerm_resource_group.rg_spoke_aks"
          ]
        }
      ]
    },
    {
      "mode": "managed",
      "type": "azurerm_user_assigned_identity",
      "name": "identity_vm_linux",
      "provider": "provider[\"registry.terraform.io/hashicorp/azurerm\"]",
      "instances": [
        {
          "index_key": 0,
          "schema_version": 1,
          "attributes": {
            "client_id": "f340d7be-fe30-48a1-80a2-a1791f75e2c3",
            "id": "/subscriptions/82f6d75e-85f4-434a-ab74-5dddd9fa8910/resourceGroups/rg-spoke-mgt/providers/Microsoft.ManagedIdentity/userAssignedIdentities/identity_vm_linux",
            "location": "westeurope",
            "name": "identity_vm_linux",
            "principal_id": "dc09f175-c4a7-466e-ac36-f43072db386b",
            "resource_group_name": "rg-spoke-mgt",
            "tags": {
              "architecture": "Hub\u0026Spoke",
              "environment": "development",
              "source": "terraform"
            },
            "tenant_id": "16b3c013-d300-468d-ac64-7eda0820b6d3",
            "timeouts": null
          },
          "sensitive_attributes": [],
          "private": "eyJlMmJmYjczMC1lY2FhLTExZTYtOGY4OC0zNDM2M2JjN2M0YzAiOnsiY3JlYXRlIjoxODAwMDAwMDAwMDAwLCJkZWxldGUiOjE4MDAwMDAwMDAwMDAsInJlYWQiOjMwMDAwMDAwMDAwMCwidXBkYXRlIjoxODAwMDAwMDAwMDAwfSwic2NoZW1hX3ZlcnNpb24iOiIxIn0=",
          "dependencies": [
            "azurerm_resource_group.rg_spoke_mgt"
          ]
        }
      ]
    },
    {
      "mode": "managed",
      "type": "azurerm_virtual_machine_extension",
      "name": "vm_extension_linux",
      "provider": "provider[\"registry.terraform.io/hashicorp/azurerm\"]",
      "instances": [
        {
          "index_key": 0,
          "schema_version": 0,
          "attributes": {
            "auto_upgrade_minor_version": false,
            "automatic_upgrade_enabled": false,
            "failure_suppression_enabled": false,
            "id": "/subscriptions/82f6d75e-85f4-434a-ab74-5dddd9fa8910/resourceGroups/rg-spoke-mgt/providers/Microsoft.Compute/virtualMachines/vm-jumpbox-linux/extensions/vm_extension_linux",
            "name": "vm_extension_linux",
            "protected_settings": null,
            "protected_settings_from_key_vault": [],
            "publisher": "Microsoft.Azure.Extensions",
            "settings": "{\"commandToExecute\":\"./install-cli-tools.sh\",\"fileUris\":[\"https://raw.githubusercontent.com/HoussemDellai/aks-appgateway/network-flow-logs/install-cli-tools.sh\"]}",
            "tags": {
              "architecture": "Hub\u0026Spoke",
              "environment": "development",
              "source": "terraform"
            },
            "timeouts": null,
            "type": "CustomScript",
            "type_handler_version": "2.1",
            "virtual_machine_id": "/subscriptions/82f6d75e-85f4-434a-ab74-5dddd9fa8910/resourceGroups/rg-spoke-mgt/providers/Microsoft.Compute/virtualMachines/vm-jumpbox-linux"
          },
          "sensitive_attributes": [],
          "private": "eyJlMmJmYjczMC1lY2FhLTExZTYtOGY4OC0zNDM2M2JjN2M0YzAiOnsiY3JlYXRlIjoxODAwMDAwMDAwMDAwLCJkZWxldGUiOjE4MDAwMDAwMDAwMDAsInJlYWQiOjMwMDAwMDAwMDAwMCwidXBkYXRlIjoxODAwMDAwMDAwMDAwfX0=",
          "dependencies": [
            "azurerm_firewall.firewall",
            "azurerm_firewall_policy.firewall_policy",
            "azurerm_linux_virtual_machine.vm_jumpbox_linux",
            "azurerm_log_analytics_workspace.workspace",
            "azurerm_network_interface.nic_vm_jumpbox_linux",
            "azurerm_public_ip.public_ip_firewall",
            "azurerm_resource_group.rg_hub",
            "azurerm_resource_group.rg_spoke_app",
            "azurerm_resource_group.rg_spoke_mgt",
            "azurerm_subnet.subnet_firewall",
            "azurerm_subnet.subnet_mgt",
            "azurerm_user_assigned_identity.identity_vm_linux",
            "azurerm_virtual_network.vnet_hub",
            "azurerm_virtual_network.vnet_spoke_mgt"
          ]
        }
      ]
    },
    {
      "mode": "managed",
      "type": "azurerm_virtual_network",
      "name": "vnet_hub",
      "provider": "provider[\"registry.terraform.io/hashicorp/azurerm\"].subscription_hub",
      "instances": [
        {
          "schema_version": 0,
          "attributes": {
            "address_space": [
              "172.16.0.0/16"
            ],
            "bgp_community": "",
            "ddos_protection_plan": [],
            "dns_servers": [],
            "edge_zone": "",
            "flow_timeout_in_minutes": 0,
            "guid": "db2d2b80-9a13-4cb5-b0a3-dc31bd09f831",
            "id": "/subscriptions/82f6d75e-85f4-434a-ab74-5dddd9fa8910/resourceGroups/rg-hub/providers/Microsoft.Network/virtualNetworks/vnet-hub",
            "location": "westeurope",
            "name": "vnet-hub",
            "resource_group_name": "rg-hub",
            "subnet": [
              {
                "address_prefix": "172.16.0.0/26",
                "id": "/subscriptions/82f6d75e-85f4-434a-ab74-5dddd9fa8910/resourceGroups/rg-hub/providers/Microsoft.Network/virtualNetworks/vnet-hub/subnets/AzureFirewallSubnet",
                "name": "AzureFirewallSubnet",
                "security_group": ""
              },
              {
                "address_prefix": "172.16.1.0/27",
                "id": "/subscriptions/82f6d75e-85f4-434a-ab74-5dddd9fa8910/resourceGroups/rg-hub/providers/Microsoft.Network/virtualNetworks/vnet-hub/subnets/AzureBastionSubnet",
                "name": "AzureBastionSubnet",
                "security_group": "/subscriptions/82f6d75e-85f4-434a-ab74-5dddd9fa8910/resourceGroups/rg-hub/providers/Microsoft.Network/networkSecurityGroups/vnet-hub-AzureBastionSubnet-nsg-westeurope"
              }
            ],
            "tags": {
              "architecture": "Hub\u0026Spoke",
              "environment": "development",
              "source": "terraform"
            },
            "timeouts": null
          },
          "sensitive_attributes": [],
          "private": "eyJlMmJmYjczMC1lY2FhLTExZTYtOGY4OC0zNDM2M2JjN2M0YzAiOnsiY3JlYXRlIjoxODAwMDAwMDAwMDAwLCJkZWxldGUiOjE4MDAwMDAwMDAwMDAsInJlYWQiOjMwMDAwMDAwMDAwMCwidXBkYXRlIjoxODAwMDAwMDAwMDAwfX0=",
          "dependencies": [
            "azurerm_resource_group.rg_hub"
          ],
          "create_before_destroy": true
        }
      ]
    },
    {
      "mode": "managed",
      "type": "azurerm_virtual_network",
      "name": "vnet_spoke3",
      "provider": "provider[\"registry.terraform.io/hashicorp/azurerm\"]",
      "instances": [
        {
          "index_key": 0,
          "schema_version": 0,
          "attributes": {
            "address_space": [
              "10.3.0.0/16"
            ],
            "bgp_community": "",
            "ddos_protection_plan": [],
            "dns_servers": [
              "172.16.0.4"
            ],
            "edge_zone": "",
            "flow_timeout_in_minutes": 0,
            "guid": "f8f54069-33b7-4ae4-84bd-d84f22663a5c",
            "id": "/subscriptions/82f6d75e-85f4-434a-ab74-5dddd9fa8910/resourceGroups/rg-spoke3/providers/Microsoft.Network/virtualNetworks/vnet_spoke3",
            "location": "westeurope",
            "name": "vnet_spoke3",
            "resource_group_name": "rg-spoke3",
            "subnet": [
              {
                "address_prefix": "10.3.1.0/24",
                "id": "/subscriptions/82f6d75e-85f4-434a-ab74-5dddd9fa8910/resourceGroups/rg-spoke3/providers/Microsoft.Network/virtualNetworks/vnet_spoke3/subnets/snet-vnet-integration",
                "name": "snet-vnet-integration",
                "security_group": "/subscriptions/82f6d75e-85f4-434a-ab74-5dddd9fa8910/resourceGroups/rg-spoke3/providers/Microsoft.Network/networkSecurityGroups/nsg_subnet_vnet_integration"
              },
              {
                "address_prefix": "10.3.2.0/24",
                "id": "/subscriptions/82f6d75e-85f4-434a-ab74-5dddd9fa8910/resourceGroups/rg-spoke3/providers/Microsoft.Network/virtualNetworks/vnet_spoke3/subnets/snet-private-endpoint",
                "name": "snet-private-endpoint",
                "security_group": ""
              }
            ],
            "tags": {},
            "timeouts": null
          },
          "sensitive_attributes": [],
          "private": "eyJlMmJmYjczMC1lY2FhLTExZTYtOGY4OC0zNDM2M2JjN2M0YzAiOnsiY3JlYXRlIjoxODAwMDAwMDAwMDAwLCJkZWxldGUiOjE4MDAwMDAwMDAwMDAsInJlYWQiOjMwMDAwMDAwMDAwMCwidXBkYXRlIjoxODAwMDAwMDAwMDAwfX0=",
          "dependencies": [
            "azurerm_firewall.firewall",
            "azurerm_firewall_policy.firewall_policy",
            "azurerm_log_analytics_workspace.workspace",
            "azurerm_public_ip.public_ip_firewall",
            "azurerm_resource_group.rg_hub",
            "azurerm_resource_group.rg_spoke3",
            "azurerm_resource_group.rg_spoke_app",
            "azurerm_subnet.subnet_firewall",
            "azurerm_virtual_network.vnet_hub"
          ]
        }
      ]
    },
    {
      "mode": "managed",
      "type": "azurerm_virtual_network",
      "name": "vnet_spoke_app",
      "provider": "provider[\"registry.terraform.io/hashicorp/azurerm\"]",
      "instances": [
        {
          "schema_version": 0,
          "attributes": {
            "address_space": [
              "10.1.0.0/16"
            ],
            "bgp_community": "",
            "ddos_protection_plan": [],
            "dns_servers": [
              "172.16.0.4"
            ],
            "edge_zone": "",
            "flow_timeout_in_minutes": 0,
            "guid": "b4240563-41d5-4ee4-9641-1f4a3ff78950",
            "id": "/subscriptions/82f6d75e-85f4-434a-ab74-5dddd9fa8910/resourceGroups/rg-spoke-app/providers/Microsoft.Network/virtualNetworks/vnet-spoke-app",
            "location": "westeurope",
            "name": "vnet-spoke-app",
            "resource_group_name": "rg-spoke-app",
            "subnet": [
              {
                "address_prefix": "10.1.2.0/28",
                "id": "/subscriptions/82f6d75e-85f4-434a-ab74-5dddd9fa8910/resourceGroups/rg-spoke-app/providers/Microsoft.Network/virtualNetworks/vnet-spoke-app/subnets/subnet-pe",
                "name": "subnet-pe",
                "security_group": ""
              },
              {
                "address_prefix": "10.1.240.0/20",
                "id": "/subscriptions/82f6d75e-85f4-434a-ab74-5dddd9fa8910/resourceGroups/rg-spoke-app/providers/Microsoft.Network/virtualNetworks/vnet-spoke-app/subnets/subnet-pods",
                "name": "subnet-pods",
                "security_group": "/subscriptions/82f6d75e-85f4-434a-ab74-5dddd9fa8910/resourceGroups/rg-spoke-aks/providers/Microsoft.Network/networkSecurityGroups/nsg_subnet_pods"
              },
              {
                "address_prefix": "10.1.3.0/24",
                "id": "/subscriptions/82f6d75e-85f4-434a-ab74-5dddd9fa8910/resourceGroups/rg-spoke-app/providers/Microsoft.Network/virtualNetworks/vnet-spoke-app/subnets/subnet-nodes",
                "name": "subnet-nodes",
                "security_group": "/subscriptions/82f6d75e-85f4-434a-ab74-5dddd9fa8910/resourceGroups/rg-spoke-aks/providers/Microsoft.Network/networkSecurityGroups/nsg_subnet_nodes"
              },
              {
                "address_prefix": "10.1.4.0/28",
                "id": "/subscriptions/82f6d75e-85f4-434a-ab74-5dddd9fa8910/resourceGroups/rg-spoke-app/providers/Microsoft.Network/virtualNetworks/vnet-spoke-app/subnets/subnet-apiserver",
                "name": "subnet-apiserver",
                "security_group": ""
              }
            ],
            "tags": {
              "architecture": "Hub\u0026Spoke",
              "environment": "development",
              "source": "terraform"
            },
            "timeouts": null
          },
          "sensitive_attributes": [],
          "private": "eyJlMmJmYjczMC1lY2FhLTExZTYtOGY4OC0zNDM2M2JjN2M0YzAiOnsiY3JlYXRlIjoxODAwMDAwMDAwMDAwLCJkZWxldGUiOjE4MDAwMDAwMDAwMDAsInJlYWQiOjMwMDAwMDAwMDAwMCwidXBkYXRlIjoxODAwMDAwMDAwMDAwfX0=",
          "dependencies": [
            "azurerm_firewall.firewall",
            "azurerm_firewall_policy.firewall_policy",
            "azurerm_log_analytics_workspace.workspace",
            "azurerm_public_ip.public_ip_firewall",
            "azurerm_resource_group.rg_hub",
            "azurerm_resource_group.rg_spoke_app",
            "azurerm_subnet.subnet_firewall",
            "azurerm_virtual_network.vnet_hub"
          ],
          "create_before_destroy": true
        }
      ]
    },
    {
      "mode": "managed",
      "type": "azurerm_virtual_network",
      "name": "vnet_spoke_mgt",
      "provider": "provider[\"registry.terraform.io/hashicorp/azurerm\"]",
      "instances": [
        {
          "index_key": 0,
          "schema_version": 0,
          "attributes": {
            "address_space": [
              "10.2.0.0/16"
            ],
            "bgp_community": "",
            "ddos_protection_plan": [],
            "dns_servers": [
              "172.16.0.4"
            ],
            "edge_zone": "",
            "flow_timeout_in_minutes": 0,
            "guid": "c7a405db-0fa1-43d8-9fbb-babbb3f088f4",
            "id": "/subscriptions/82f6d75e-85f4-434a-ab74-5dddd9fa8910/resourceGroups/rg-spoke-mgt/providers/Microsoft.Network/virtualNetworks/vnet-spoke-mgt",
            "location": "westeurope",
            "name": "vnet-spoke-mgt",
            "resource_group_name": "rg-spoke-mgt",
            "subnet": [
              {
                "address_prefix": "10.2.0.0/24",
                "id": "/subscriptions/82f6d75e-85f4-434a-ab74-5dddd9fa8910/resourceGroups/rg-spoke-mgt/providers/Microsoft.Network/virtualNetworks/vnet-spoke-mgt/subnets/subnet-mgt",
                "name": "subnet-mgt",
                "security_group": "/subscriptions/82f6d75e-85f4-434a-ab74-5dddd9fa8910/resourceGroups/rg-spoke-mgt/providers/Microsoft.Network/networkSecurityGroups/nsg_subnet_mgt"
              }
            ],
            "tags": {
              "architecture": "Hub\u0026Spoke",
              "environment": "development",
              "source": "terraform"
            },
            "timeouts": null
          },
          "sensitive_attributes": [],
          "private": "eyJlMmJmYjczMC1lY2FhLTExZTYtOGY4OC0zNDM2M2JjN2M0YzAiOnsiY3JlYXRlIjoxODAwMDAwMDAwMDAwLCJkZWxldGUiOjE4MDAwMDAwMDAwMDAsInJlYWQiOjMwMDAwMDAwMDAwMCwidXBkYXRlIjoxODAwMDAwMDAwMDAwfX0=",
          "dependencies": [
            "azurerm_firewall.firewall",
            "azurerm_firewall_policy.firewall_policy",
            "azurerm_log_analytics_workspace.workspace",
            "azurerm_public_ip.public_ip_firewall",
            "azurerm_resource_group.rg_hub",
            "azurerm_resource_group.rg_spoke_app",
            "azurerm_resource_group.rg_spoke_mgt",
            "azurerm_subnet.subnet_firewall",
            "azurerm_virtual_network.vnet_hub"
          ]
        }
      ]
    },
    {
      "mode": "managed",
      "type": "azurerm_virtual_network_peering",
      "name": "vnet_peering_hub_to_spoke",
      "provider": "provider[\"registry.terraform.io/hashicorp/azurerm\"].subscription_hub",
      "instances": [
        {
          "index_key": 0,
          "schema_version": 0,
          "attributes": {
            "allow_forwarded_traffic": true,
            "allow_gateway_transit": false,
            "allow_virtual_network_access": true,
            "id": "/subscriptions/82f6d75e-85f4-434a-ab74-5dddd9fa8910/resourceGroups/rg-hub/providers/Microsoft.Network/virtualNetworks/vnet-hub/virtualNetworkPeerings/vnet_peering_hub_to_spoke",
            "name": "vnet_peering_hub_to_spoke",
            "remote_virtual_network_id": "/subscriptions/82f6d75e-85f4-434a-ab74-5dddd9fa8910/resourceGroups/rg-spoke-app/providers/Microsoft.Network/virtualNetworks/vnet-spoke-app",
            "resource_group_name": "rg-hub",
            "timeouts": null,
            "use_remote_gateways": false,
            "virtual_network_name": "vnet-hub"
          },
          "sensitive_attributes": [],
          "private": "eyJlMmJmYjczMC1lY2FhLTExZTYtOGY4OC0zNDM2M2JjN2M0YzAiOnsiY3JlYXRlIjoxODAwMDAwMDAwMDAwLCJkZWxldGUiOjE4MDAwMDAwMDAwMDAsInJlYWQiOjMwMDAwMDAwMDAwMCwidXBkYXRlIjoxODAwMDAwMDAwMDAwfX0=",
          "dependencies": [
            "azurerm_firewall.firewall",
            "azurerm_firewall_policy.firewall_policy",
            "azurerm_log_analytics_workspace.workspace",
            "azurerm_public_ip.public_ip_firewall",
            "azurerm_resource_group.rg_hub",
            "azurerm_resource_group.rg_spoke_app",
            "azurerm_subnet.subnet_firewall",
            "azurerm_virtual_network.vnet_hub",
            "azurerm_virtual_network.vnet_spoke_app"
          ]
        }
      ]
    },
    {
      "mode": "managed",
      "type": "azurerm_virtual_network_peering",
      "name": "vnet_peering_hub_to_spoke3",
      "provider": "provider[\"registry.terraform.io/hashicorp/azurerm\"].subscription_hub",
      "instances": [
        {
          "index_key": 0,
          "schema_version": 0,
          "attributes": {
            "allow_forwarded_traffic": true,
            "allow_gateway_transit": false,
            "allow_virtual_network_access": true,
            "id": "/subscriptions/82f6d75e-85f4-434a-ab74-5dddd9fa8910/resourceGroups/rg-hub/providers/Microsoft.Network/virtualNetworks/vnet-hub/virtualNetworkPeerings/vnet_peering_hub_to_spoke3",
            "name": "vnet_peering_hub_to_spoke3",
            "remote_virtual_network_id": "/subscriptions/82f6d75e-85f4-434a-ab74-5dddd9fa8910/resourceGroups/rg-spoke3/providers/Microsoft.Network/virtualNetworks/vnet_spoke3",
            "resource_group_name": "rg-hub",
            "timeouts": null,
            "use_remote_gateways": false,
            "virtual_network_name": "vnet-hub"
          },
          "sensitive_attributes": [],
          "private": "eyJlMmJmYjczMC1lY2FhLTExZTYtOGY4OC0zNDM2M2JjN2M0YzAiOnsiY3JlYXRlIjoxODAwMDAwMDAwMDAwLCJkZWxldGUiOjE4MDAwMDAwMDAwMDAsInJlYWQiOjMwMDAwMDAwMDAwMCwidXBkYXRlIjoxODAwMDAwMDAwMDAwfX0=",
          "dependencies": [
            "azurerm_firewall.firewall",
            "azurerm_firewall_policy.firewall_policy",
            "azurerm_log_analytics_workspace.workspace",
            "azurerm_public_ip.public_ip_firewall",
            "azurerm_resource_group.rg_hub",
            "azurerm_resource_group.rg_spoke3",
            "azurerm_resource_group.rg_spoke_app",
            "azurerm_subnet.subnet_firewall",
            "azurerm_virtual_network.vnet_hub",
            "azurerm_virtual_network.vnet_spoke3"
          ]
        }
      ]
    },
    {
      "mode": "managed",
      "type": "azurerm_virtual_network_peering",
      "name": "vnet_peering_hub_to_spoke_mgt",
      "provider": "provider[\"registry.terraform.io/hashicorp/azurerm\"].subscription_hub",
      "instances": [
        {
          "index_key": 0,
          "schema_version": 0,
          "attributes": {
            "allow_forwarded_traffic": true,
            "allow_gateway_transit": false,
            "allow_virtual_network_access": true,
            "id": "/subscriptions/82f6d75e-85f4-434a-ab74-5dddd9fa8910/resourceGroups/rg-hub/providers/Microsoft.Network/virtualNetworks/vnet-hub/virtualNetworkPeerings/vnet_peering_hub_to_spoke_mgt",
            "name": "vnet_peering_hub_to_spoke_mgt",
            "remote_virtual_network_id": "/subscriptions/82f6d75e-85f4-434a-ab74-5dddd9fa8910/resourceGroups/rg-spoke-mgt/providers/Microsoft.Network/virtualNetworks/vnet-spoke-mgt",
            "resource_group_name": "rg-hub",
            "timeouts": {
              "create": null,
              "delete": null,
              "read": null,
              "update": null
            },
            "use_remote_gateways": false,
            "virtual_network_name": "vnet-hub"
          },
          "sensitive_attributes": [],
          "private": "eyJlMmJmYjczMC1lY2FhLTExZTYtOGY4OC0zNDM2M2JjN2M0YzAiOnsiY3JlYXRlIjoxODAwMDAwMDAwMDAwLCJkZWxldGUiOjE4MDAwMDAwMDAwMDAsInJlYWQiOjMwMDAwMDAwMDAwMCwidXBkYXRlIjoxODAwMDAwMDAwMDAwfSwic2NoZW1hX3ZlcnNpb24iOiIwIn0=",
          "dependencies": [
            "azurerm_firewall.firewall",
            "azurerm_firewall_policy.firewall_policy",
            "azurerm_log_analytics_workspace.workspace",
            "azurerm_public_ip.public_ip_firewall",
            "azurerm_resource_group.rg_hub",
            "azurerm_resource_group.rg_spoke_app",
            "azurerm_resource_group.rg_spoke_mgt",
            "azurerm_subnet.subnet_firewall",
            "azurerm_virtual_network.vnet_hub",
            "azurerm_virtual_network.vnet_spoke_mgt"
          ]
        }
      ]
    },
    {
      "mode": "managed",
      "type": "azurerm_virtual_network_peering",
      "name": "vnet_peering_spoke3_to_hub",
      "provider": "provider[\"registry.terraform.io/hashicorp/azurerm\"]",
      "instances": [
        {
          "index_key": 0,
          "schema_version": 0,
          "attributes": {
            "allow_forwarded_traffic": true,
            "allow_gateway_transit": false,
            "allow_virtual_network_access": true,
            "id": "/subscriptions/82f6d75e-85f4-434a-ab74-5dddd9fa8910/resourceGroups/rg-spoke3/providers/Microsoft.Network/virtualNetworks/vnet_spoke3/virtualNetworkPeerings/vnet_peering_spoke3_to_hub",
            "name": "vnet_peering_spoke3_to_hub",
            "remote_virtual_network_id": "/subscriptions/82f6d75e-85f4-434a-ab74-5dddd9fa8910/resourceGroups/rg-hub/providers/Microsoft.Network/virtualNetworks/vnet-hub",
            "resource_group_name": "rg-spoke3",
            "timeouts": null,
            "use_remote_gateways": false,
            "virtual_network_name": "vnet_spoke3"
          },
          "sensitive_attributes": [],
          "private": "eyJlMmJmYjczMC1lY2FhLTExZTYtOGY4OC0zNDM2M2JjN2M0YzAiOnsiY3JlYXRlIjoxODAwMDAwMDAwMDAwLCJkZWxldGUiOjE4MDAwMDAwMDAwMDAsInJlYWQiOjMwMDAwMDAwMDAwMCwidXBkYXRlIjoxODAwMDAwMDAwMDAwfX0=",
          "dependencies": [
            "azurerm_firewall.firewall",
            "azurerm_firewall_policy.firewall_policy",
            "azurerm_log_analytics_workspace.workspace",
            "azurerm_public_ip.public_ip_firewall",
            "azurerm_resource_group.rg_hub",
            "azurerm_resource_group.rg_spoke3",
            "azurerm_resource_group.rg_spoke_app",
            "azurerm_subnet.subnet_firewall",
            "azurerm_virtual_network.vnet_hub",
            "azurerm_virtual_network.vnet_spoke3"
          ]
        }
      ]
    },
    {
      "mode": "managed",
      "type": "azurerm_virtual_network_peering",
      "name": "vnet_peering_spoke_mgt_to_hub",
      "provider": "provider[\"registry.terraform.io/hashicorp/azurerm\"]",
      "instances": [
        {
          "index_key": 0,
          "schema_version": 0,
          "attributes": {
            "allow_forwarded_traffic": true,
            "allow_gateway_transit": false,
            "allow_virtual_network_access": true,
            "id": "/subscriptions/82f6d75e-85f4-434a-ab74-5dddd9fa8910/resourceGroups/rg-spoke-mgt/providers/Microsoft.Network/virtualNetworks/vnet-spoke-mgt/virtualNetworkPeerings/vnet_peering_spoke_mgt_to_hub",
            "name": "vnet_peering_spoke_mgt_to_hub",
            "remote_virtual_network_id": "/subscriptions/82f6d75e-85f4-434a-ab74-5dddd9fa8910/resourceGroups/rg-hub/providers/Microsoft.Network/virtualNetworks/vnet-hub",
            "resource_group_name": "rg-spoke-mgt",
            "timeouts": null,
            "use_remote_gateways": false,
            "virtual_network_name": "vnet-spoke-mgt"
          },
          "sensitive_attributes": [],
          "private": "eyJlMmJmYjczMC1lY2FhLTExZTYtOGY4OC0zNDM2M2JjN2M0YzAiOnsiY3JlYXRlIjoxODAwMDAwMDAwMDAwLCJkZWxldGUiOjE4MDAwMDAwMDAwMDAsInJlYWQiOjMwMDAwMDAwMDAwMCwidXBkYXRlIjoxODAwMDAwMDAwMDAwfX0=",
          "dependencies": [
            "azurerm_firewall.firewall",
            "azurerm_firewall_policy.firewall_policy",
            "azurerm_log_analytics_workspace.workspace",
            "azurerm_public_ip.public_ip_firewall",
            "azurerm_resource_group.rg_hub",
            "azurerm_resource_group.rg_spoke_app",
            "azurerm_resource_group.rg_spoke_mgt",
            "azurerm_subnet.subnet_firewall",
            "azurerm_virtual_network.vnet_hub",
            "azurerm_virtual_network.vnet_spoke_mgt"
          ]
        }
      ]
    },
    {
      "mode": "managed",
      "type": "azurerm_virtual_network_peering",
      "name": "vnet_peering_spoke_to_hub",
      "provider": "provider[\"registry.terraform.io/hashicorp/azurerm\"]",
      "instances": [
        {
          "index_key": 0,
          "schema_version": 0,
          "attributes": {
            "allow_forwarded_traffic": true,
            "allow_gateway_transit": false,
            "allow_virtual_network_access": true,
            "id": "/subscriptions/82f6d75e-85f4-434a-ab74-5dddd9fa8910/resourceGroups/rg-spoke-app/providers/Microsoft.Network/virtualNetworks/vnet-spoke-app/virtualNetworkPeerings/vnet_peering_spoke_to_hub",
            "name": "vnet_peering_spoke_to_hub",
            "remote_virtual_network_id": "/subscriptions/82f6d75e-85f4-434a-ab74-5dddd9fa8910/resourceGroups/rg-hub/providers/Microsoft.Network/virtualNetworks/vnet-hub",
            "resource_group_name": "rg-spoke-app",
            "timeouts": null,
            "use_remote_gateways": false,
            "virtual_network_name": "vnet-spoke-app"
          },
          "sensitive_attributes": [],
          "private": "eyJlMmJmYjczMC1lY2FhLTExZTYtOGY4OC0zNDM2M2JjN2M0YzAiOnsiY3JlYXRlIjoxODAwMDAwMDAwMDAwLCJkZWxldGUiOjE4MDAwMDAwMDAwMDAsInJlYWQiOjMwMDAwMDAwMDAwMCwidXBkYXRlIjoxODAwMDAwMDAwMDAwfX0=",
          "dependencies": [
            "azurerm_firewall.firewall",
            "azurerm_firewall_policy.firewall_policy",
            "azurerm_log_analytics_workspace.workspace",
            "azurerm_public_ip.public_ip_firewall",
            "azurerm_resource_group.rg_hub",
            "azurerm_resource_group.rg_spoke_app",
            "azurerm_subnet.subnet_firewall",
            "azurerm_virtual_network.vnet_hub",
            "azurerm_virtual_network.vnet_spoke_app"
          ]
        }
      ]
    },
    {
      "mode": "managed",
      "type": "azurerm_windows_virtual_machine",
      "name": "vm_jumpbox_windows",
      "provider": "provider[\"registry.terraform.io/hashicorp/azurerm\"]",
      "instances": [
        {
          "index_key": 0,
          "schema_version": 0,
          "attributes": {
            "additional_capabilities": [],
            "additional_unattend_content": [],
            "admin_password": "@Aa123456789",
            "admin_username": "houssem",
            "allow_extension_operations": true,
            "availability_set_id": "",
            "boot_diagnostics": [
              {
                "storage_account_uri": ""
              }
            ],
            "capacity_reservation_group_id": "",
            "computer_name": "vm-jumpbox-win",
            "custom_data": null,
            "dedicated_host_group_id": "",
            "dedicated_host_id": "",
            "edge_zone": "",
            "enable_automatic_updates": true,
            "encryption_at_host_enabled": false,
            "eviction_policy": "",
            "extensions_time_budget": "PT1H30M",
            "gallery_application": [],
            "hotpatching_enabled": false,
            "id": "/subscriptions/82f6d75e-85f4-434a-ab74-5dddd9fa8910/resourceGroups/rg-spoke-mgt/providers/Microsoft.Compute/virtualMachines/vm-jumpbox-win",
            "identity": [],
            "license_type": "",
            "location": "westeurope",
            "max_bid_price": -1,
            "name": "vm-jumpbox-win",
            "network_interface_ids": [
              "/subscriptions/82f6d75e-85f4-434a-ab74-5dddd9fa8910/resourceGroups/rg-spoke-mgt/providers/Microsoft.Network/networkInterfaces/nic-vm-jumpbox-windows"
            ],
            "os_disk": [
              {
                "caching": "ReadWrite",
                "diff_disk_settings": [],
                "disk_encryption_set_id": "",
                "disk_size_gb": 127,
                "name": "vm-jumpbox-win_OsDisk_1_16e295f353c848fb881c3f8fa307ca42",
                "secure_vm_disk_encryption_set_id": "",
                "security_encryption_type": "",
                "storage_account_type": "StandardSSD_LRS",
                "write_accelerator_enabled": false
              }
            ],
            "patch_assessment_mode": "ImageDefault",
            "patch_mode": "AutomaticByOS",
            "plan": [],
            "platform_fault_domain": -1,
            "priority": "Regular",
            "private_ip_address": "10.2.0.4",
            "private_ip_addresses": [
              "10.2.0.4"
            ],
            "provision_vm_agent": true,
            "proximity_placement_group_id": "",
            "public_ip_address": "",
            "public_ip_addresses": [],
            "resource_group_name": "rg-spoke-mgt",
            "secret": [],
            "secure_boot_enabled": false,
            "size": "Standard_B2s",
            "source_image_id": "",
            "source_image_reference": [
              {
                "offer": "Windows-10",
                "publisher": "MicrosoftWindowsDesktop",
                "sku": "21h1-ent-g2",
                "version": "latest"
              }
            ],
            "tags": {},
            "termination_notification": [],
            "timeouts": null,
            "timezone": "",
            "user_data": "",
            "virtual_machine_id": "799b2d23-ef82-4121-9e00-63890fcb2070",
            "virtual_machine_scale_set_id": "",
            "vtpm_enabled": false,
            "winrm_listener": [],
            "zone": ""
          },
          "sensitive_attributes": [],
          "private": "eyJlMmJmYjczMC1lY2FhLTExZTYtOGY4OC0zNDM2M2JjN2M0YzAiOnsiY3JlYXRlIjoyNzAwMDAwMDAwMDAwLCJkZWxldGUiOjI3MDAwMDAwMDAwMDAsInJlYWQiOjMwMDAwMDAwMDAwMCwidXBkYXRlIjoyNzAwMDAwMDAwMDAwfX0=",
          "dependencies": [
            "azurerm_firewall.firewall",
            "azurerm_firewall_policy.firewall_policy",
            "azurerm_log_analytics_workspace.workspace",
            "azurerm_network_interface.nic_vm_jumpbox_windows",
            "azurerm_public_ip.public_ip_firewall",
            "azurerm_resource_group.rg_hub",
            "azurerm_resource_group.rg_spoke_app",
            "azurerm_resource_group.rg_spoke_mgt",
            "azurerm_subnet.subnet_firewall",
            "azurerm_subnet.subnet_mgt",
            "azurerm_virtual_network.vnet_hub",
            "azurerm_virtual_network.vnet_spoke_mgt"
          ]
        }
      ]
    },
    {
      "mode": "managed",
      "type": "null_resource",
      "name": "aks_enable_azuremonitormetrics",
      "provider": "provider[\"registry.terraform.io/hashicorp/null\"]",
      "instances": [
        {
          "schema_version": 0,
          "attributes": {
            "id": "6195541825600645194",
            "triggers": {
              "key": "value1"
            }
          },
          "sensitive_attributes": [],
          "dependencies": [
            "azapi_resource.monitor_workspace_aks",
            "azuread_group.aks_admins",
            "azurerm_application_gateway.appgw",
            "azurerm_dashboard_grafana.grafana_aks",
            "azurerm_firewall.firewall",
            "azurerm_firewall_policy.firewall_policy",
            "azurerm_kubernetes_cluster.aks",
            "azurerm_kubernetes_cluster_node_pool.poolapps",
            "azurerm_kubernetes_cluster_node_pool.poolspot",
            "azurerm_log_analytics_workspace.workspace",
            "azurerm_private_dns_zone.private_dns_zone_aks",
            "azurerm_public_ip.appgw_pip",
            "azurerm_public_ip.public_ip_firewall",
            "azurerm_resource_group.rg_hub",
            "azurerm_resource_group.rg_spoke_aks",
            "azurerm_resource_group.rg_spoke_app",
            "azurerm_subnet.subnet_apiserver",
            "azurerm_subnet.subnet_appgw",
            "azurerm_subnet.subnet_firewall",
            "azurerm_subnet.subnet_nodes",
            "azurerm_subnet.subnet_pods",
            "azurerm_user_assigned_identity.identity-kubelet",
            "azurerm_user_assigned_identity.identity_aks",
            "azurerm_virtual_network.vnet_hub",
            "azurerm_virtual_network.vnet_spoke_app",
            "data.azuread_client_config.current",
            "data.azurerm_subscription.subscription_spoke"
          ]
        }
      ]
    },
    {
      "mode": "managed",
      "type": "null_resource",
      "name": "connect_to_aks",
      "provider": "provider[\"registry.terraform.io/hashicorp/null\"]",
      "instances": [
        {
          "index_key": 0,
          "schema_version": 0,
          "attributes": {
            "id": "5292618050954926988",
            "triggers": {
              "key": "value1"
            }
          },
          "sensitive_attributes": [],
          "dependencies": [
            "azuread_group.aks_admins",
            "azurerm_application_gateway.appgw",
            "azurerm_firewall.firewall",
            "azurerm_firewall_policy.firewall_policy",
            "azurerm_kubernetes_cluster.aks",
            "azurerm_kubernetes_cluster_node_pool.poolapps",
            "azurerm_kubernetes_cluster_node_pool.poolspot",
            "azurerm_log_analytics_workspace.workspace",
            "azurerm_private_dns_zone.private_dns_zone_aks",
            "azurerm_public_ip.appgw_pip",
            "azurerm_public_ip.public_ip_firewall",
            "azurerm_resource_group.rg_hub",
            "azurerm_resource_group.rg_spoke_aks",
            "azurerm_resource_group.rg_spoke_app",
            "azurerm_subnet.subnet_apiserver",
            "azurerm_subnet.subnet_appgw",
            "azurerm_subnet.subnet_firewall",
            "azurerm_subnet.subnet_nodes",
            "azurerm_subnet.subnet_pods",
            "azurerm_user_assigned_identity.identity-kubelet",
            "azurerm_user_assigned_identity.identity_aks",
            "azurerm_virtual_network.vnet_hub",
            "azurerm_virtual_network.vnet_spoke_app",
            "data.azuread_client_config.current",
            "data.azurerm_subscription.subscription_spoke"
          ]
        }
      ]
    },
    {
      "module": "module.diagnostic_setting_acr[0]",
      "mode": "data",
      "type": "azurerm_monitor_diagnostic_categories",
      "name": "categories",
      "provider": "provider[\"registry.terraform.io/hashicorp/azurerm\"]",
      "instances": [
        {
          "schema_version": 0,
          "attributes": {
            "id": "/subscriptions/82f6d75e-85f4-434a-ab74-5dddd9fa8910/resourceGroups/rg-spoke-app/providers/Microsoft.ContainerRegistry/registries/acrforakstf013",
            "log_category_groups": [
              "allLogs",
              "audit"
            ],
            "log_category_types": [
              "ContainerRegistryLoginEvents",
              "ContainerRegistryRepositoryEvents"
            ],
            "logs": [
              "ContainerRegistryLoginEvents",
              "ContainerRegistryRepositoryEvents"
            ],
            "metrics": [
              "AllMetrics"
            ],
            "resource_id": "/subscriptions/82f6d75e-85f4-434a-ab74-5dddd9fa8910/resourceGroups/rg-spoke-app/providers/Microsoft.ContainerRegistry/registries/acrforakstf013",
            "timeouts": null
          },
          "sensitive_attributes": []
        }
      ]
    },
    {
      "module": "module.diagnostic_setting_acr[0]",
      "mode": "managed",
      "type": "azurerm_monitor_diagnostic_setting",
      "name": "diagnostic_settings",
      "provider": "provider[\"registry.terraform.io/hashicorp/azurerm\"]",
      "instances": [
        {
          "schema_version": 0,
          "attributes": {
            "enabled_log": [
              {
                "category": "ContainerRegistryLoginEvents",
                "category_group": "",
                "retention_policy": [
                  {
                    "days": 0,
                    "enabled": true
                  }
                ]
              },
              {
                "category": "ContainerRegistryRepositoryEvents",
                "category_group": "",
                "retention_policy": [
                  {
                    "days": 0,
                    "enabled": true
                  }
                ]
              }
            ],
            "eventhub_authorization_rule_id": "",
            "eventhub_name": "",
            "id": "/subscriptions/82f6d75e-85f4-434a-ab74-5dddd9fa8910/resourceGroups/rg-spoke-app/providers/Microsoft.ContainerRegistry/registries/acrforakstf013|diagnostic-settings",
            "log": [
              {
                "category": "ContainerRegistryLoginEvents",
                "category_group": "",
                "enabled": true,
                "retention_policy": [
                  {
                    "days": 0,
                    "enabled": true
                  }
                ]
              },
              {
                "category": "ContainerRegistryRepositoryEvents",
                "category_group": "",
                "enabled": true,
                "retention_policy": [
                  {
                    "days": 0,
                    "enabled": true
                  }
                ]
              }
            ],
            "log_analytics_destination_type": "",
            "log_analytics_workspace_id": "/subscriptions/82f6d75e-85f4-434a-ab74-5dddd9fa8910/resourceGroups/rg-spoke-app/providers/Microsoft.OperationalInsights/workspaces/loganalyticsforaks011",
            "metric": [
              {
                "category": "AllMetrics",
                "enabled": true,
                "retention_policy": [
                  {
                    "days": 0,
                    "enabled": true
                  }
                ]
              }
            ],
            "name": "diagnostic-settings",
            "partner_solution_id": null,
            "storage_account_id": null,
            "target_resource_id": "/subscriptions/82f6d75e-85f4-434a-ab74-5dddd9fa8910/resourceGroups/rg-spoke-app/providers/Microsoft.ContainerRegistry/registries/acrforakstf013",
            "timeouts": null
          },
          "sensitive_attributes": [],
          "private": "eyJlMmJmYjczMC1lY2FhLTExZTYtOGY4OC0zNDM2M2JjN2M0YzAiOnsiY3JlYXRlIjoxODAwMDAwMDAwMDAwLCJkZWxldGUiOjM2MDAwMDAwMDAwMDAsInJlYWQiOjMwMDAwMDAwMDAwMCwidXBkYXRlIjoxODAwMDAwMDAwMDAwfX0=",
          "dependencies": [
            "azurerm_container_registry.acr",
            "azurerm_log_analytics_workspace.workspace",
            "azurerm_resource_group.rg_spoke_app",
            "data.http.machine_ip",
            "module.diagnostic_setting_acr.data.azurerm_monitor_diagnostic_categories.categories"
          ]
        }
      ]
    },
    {
      "module": "module.diagnostic_setting_aks[0]",
      "mode": "data",
      "type": "azurerm_monitor_diagnostic_categories",
      "name": "categories",
      "provider": "provider[\"registry.terraform.io/hashicorp/azurerm\"]",
      "instances": [
        {
          "schema_version": 0,
          "attributes": {
            "id": "/subscriptions/82f6d75e-85f4-434a-ab74-5dddd9fa8910/resourceGroups/rg-spoke-aks/providers/Microsoft.ContainerService/managedClusters/aks-cluster",
            "log_category_groups": [
              "allLogs",
              "audit"
            ],
            "log_category_types": [
              "cloud-controller-manager",
              "cluster-autoscaler",
              "csi-azuredisk-controller",
              "csi-azurefile-controller",
              "csi-snapshot-controller",
              "guard",
              "kube-apiserver",
              "kube-audit",
              "kube-audit-admin",
              "kube-controller-manager",
              "kube-scheduler"
            ],
            "logs": [
              "cloud-controller-manager",
              "cluster-autoscaler",
              "csi-azuredisk-controller",
              "csi-azurefile-controller",
              "csi-snapshot-controller",
              "guard",
              "kube-apiserver",
              "kube-audit",
              "kube-audit-admin",
              "kube-controller-manager",
              "kube-scheduler"
            ],
            "metrics": [
              "AllMetrics"
            ],
            "resource_id": "/subscriptions/82f6d75e-85f4-434a-ab74-5dddd9fa8910/resourceGroups/rg-spoke-aks/providers/Microsoft.ContainerService/managedClusters/aks-cluster",
            "timeouts": null
          },
          "sensitive_attributes": []
        }
      ]
    },
    {
      "module": "module.diagnostic_setting_aks[0]",
      "mode": "managed",
      "type": "azurerm_monitor_diagnostic_setting",
      "name": "diagnostic_settings",
      "provider": "provider[\"registry.terraform.io/hashicorp/azurerm\"]",
      "instances": [
        {
          "schema_version": 0,
          "attributes": {
            "enabled_log": [
              {
                "category": "cloud-controller-manager",
                "category_group": "",
                "retention_policy": [
                  {
                    "days": 0,
                    "enabled": true
                  }
                ]
              },
              {
                "category": "cluster-autoscaler",
                "category_group": "",
                "retention_policy": [
                  {
                    "days": 0,
                    "enabled": true
                  }
                ]
              },
              {
                "category": "csi-azuredisk-controller",
                "category_group": "",
                "retention_policy": [
                  {
                    "days": 0,
                    "enabled": true
                  }
                ]
              },
              {
                "category": "csi-azurefile-controller",
                "category_group": "",
                "retention_policy": [
                  {
                    "days": 0,
                    "enabled": true
                  }
                ]
              },
              {
                "category": "csi-snapshot-controller",
                "category_group": "",
                "retention_policy": [
                  {
                    "days": 0,
                    "enabled": true
                  }
                ]
              },
              {
                "category": "guard",
                "category_group": "",
                "retention_policy": [
                  {
                    "days": 0,
                    "enabled": true
                  }
                ]
              },
              {
                "category": "kube-apiserver",
                "category_group": "",
                "retention_policy": [
                  {
                    "days": 0,
                    "enabled": true
                  }
                ]
              },
              {
                "category": "kube-audit",
                "category_group": "",
                "retention_policy": [
                  {
                    "days": 0,
                    "enabled": true
                  }
                ]
              },
              {
                "category": "kube-audit-admin",
                "category_group": "",
                "retention_policy": [
                  {
                    "days": 0,
                    "enabled": true
                  }
                ]
              },
              {
                "category": "kube-controller-manager",
                "category_group": "",
                "retention_policy": [
                  {
                    "days": 0,
                    "enabled": true
                  }
                ]
              },
              {
                "category": "kube-scheduler",
                "category_group": "",
                "retention_policy": [
                  {
                    "days": 0,
                    "enabled": true
                  }
                ]
              }
            ],
            "eventhub_authorization_rule_id": "",
            "eventhub_name": "",
            "id": "/subscriptions/82f6d75e-85f4-434a-ab74-5dddd9fa8910/resourceGroups/rg-spoke-aks/providers/Microsoft.ContainerService/managedClusters/aks-cluster|diagnostic-settings",
            "log": [
              {
                "category": "cloud-controller-manager",
                "category_group": "",
                "enabled": true,
                "retention_policy": [
                  {
                    "days": 0,
                    "enabled": true
                  }
                ]
              },
              {
                "category": "cluster-autoscaler",
                "category_group": "",
                "enabled": true,
                "retention_policy": [
                  {
                    "days": 0,
                    "enabled": true
                  }
                ]
              },
              {
                "category": "csi-azuredisk-controller",
                "category_group": "",
                "enabled": true,
                "retention_policy": [
                  {
                    "days": 0,
                    "enabled": true
                  }
                ]
              },
              {
                "category": "csi-azurefile-controller",
                "category_group": "",
                "enabled": true,
                "retention_policy": [
                  {
                    "days": 0,
                    "enabled": true
                  }
                ]
              },
              {
                "category": "csi-snapshot-controller",
                "category_group": "",
                "enabled": true,
                "retention_policy": [
                  {
                    "days": 0,
                    "enabled": true
                  }
                ]
              },
              {
                "category": "guard",
                "category_group": "",
                "enabled": true,
                "retention_policy": [
                  {
                    "days": 0,
                    "enabled": true
                  }
                ]
              },
              {
                "category": "kube-apiserver",
                "category_group": "",
                "enabled": true,
                "retention_policy": [
                  {
                    "days": 0,
                    "enabled": true
                  }
                ]
              },
              {
                "category": "kube-audit",
                "category_group": "",
                "enabled": true,
                "retention_policy": [
                  {
                    "days": 0,
                    "enabled": true
                  }
                ]
              },
              {
                "category": "kube-audit-admin",
                "category_group": "",
                "enabled": true,
                "retention_policy": [
                  {
                    "days": 0,
                    "enabled": true
                  }
                ]
              },
              {
                "category": "kube-controller-manager",
                "category_group": "",
                "enabled": true,
                "retention_policy": [
                  {
                    "days": 0,
                    "enabled": true
                  }
                ]
              },
              {
                "category": "kube-scheduler",
                "category_group": "",
                "enabled": true,
                "retention_policy": [
                  {
                    "days": 0,
                    "enabled": true
                  }
                ]
              }
            ],
            "log_analytics_destination_type": "",
            "log_analytics_workspace_id": "/subscriptions/82f6d75e-85f4-434a-ab74-5dddd9fa8910/resourceGroups/rg-spoke-app/providers/Microsoft.OperationalInsights/workspaces/loganalyticsforaks011",
            "metric": [
              {
                "category": "AllMetrics",
                "enabled": true,
                "retention_policy": [
                  {
                    "days": 0,
                    "enabled": true
                  }
                ]
              }
            ],
            "name": "diagnostic-settings",
            "partner_solution_id": null,
            "storage_account_id": null,
            "target_resource_id": "/subscriptions/82f6d75e-85f4-434a-ab74-5dddd9fa8910/resourceGroups/rg-spoke-aks/providers/Microsoft.ContainerService/managedClusters/aks-cluster",
            "timeouts": null
          },
          "sensitive_attributes": [],
          "private": "eyJlMmJmYjczMC1lY2FhLTExZTYtOGY4OC0zNDM2M2JjN2M0YzAiOnsiY3JlYXRlIjoxODAwMDAwMDAwMDAwLCJkZWxldGUiOjM2MDAwMDAwMDAwMDAsInJlYWQiOjMwMDAwMDAwMDAwMCwidXBkYXRlIjoxODAwMDAwMDAwMDAwfX0=",
          "dependencies": [
            "azuread_group.aks_admins",
            "azurerm_application_gateway.appgw",
            "azurerm_firewall.firewall",
            "azurerm_firewall_policy.firewall_policy",
            "azurerm_kubernetes_cluster.aks",
            "azurerm_log_analytics_workspace.workspace",
            "azurerm_private_dns_zone.private_dns_zone_aks",
            "azurerm_public_ip.appgw_pip",
            "azurerm_public_ip.public_ip_firewall",
            "azurerm_resource_group.rg_hub",
            "azurerm_resource_group.rg_spoke_aks",
            "azurerm_resource_group.rg_spoke_app",
            "azurerm_subnet.subnet_apiserver",
            "azurerm_subnet.subnet_appgw",
            "azurerm_subnet.subnet_firewall",
            "azurerm_subnet.subnet_nodes",
            "azurerm_subnet.subnet_pods",
            "azurerm_user_assigned_identity.identity-kubelet",
            "azurerm_user_assigned_identity.identity_aks",
            "azurerm_virtual_network.vnet_hub",
            "azurerm_virtual_network.vnet_spoke_app",
            "data.azuread_client_config.current",
            "data.azurerm_subscription.subscription_spoke",
            "module.diagnostic_setting_aks.data.azurerm_monitor_diagnostic_categories.categories"
          ]
        }
      ]
    },
    {
      "module": "module.diagnostic_setting_bastion[0]",
      "mode": "data",
      "type": "azurerm_monitor_diagnostic_categories",
      "name": "categories",
      "provider": "provider[\"registry.terraform.io/hashicorp/azurerm\"]",
      "instances": [
        {
          "schema_version": 0,
          "attributes": {
            "id": "/subscriptions/82f6d75e-85f4-434a-ab74-5dddd9fa8910/resourceGroups/rg-hub/providers/Microsoft.Network/bastionHosts/bastion-host",
            "log_category_groups": [
              "allLogs"
            ],
            "log_category_types": [
              "BastionAuditLogs"
            ],
            "logs": [
              "BastionAuditLogs"
            ],
            "metrics": [
              "AllMetrics"
            ],
            "resource_id": "/subscriptions/82f6d75e-85f4-434a-ab74-5dddd9fa8910/resourceGroups/rg-hub/providers/Microsoft.Network/bastionHosts/bastion-host",
            "timeouts": null
          },
          "sensitive_attributes": []
        }
      ]
    },
    {
      "module": "module.diagnostic_setting_bastion[0]",
      "mode": "managed",
      "type": "azurerm_monitor_diagnostic_setting",
      "name": "diagnostic_settings",
      "provider": "provider[\"registry.terraform.io/hashicorp/azurerm\"]",
      "instances": [
        {
          "schema_version": 0,
          "attributes": {
            "enabled_log": [
              {
                "category": "BastionAuditLogs",
                "category_group": "",
                "retention_policy": [
                  {
                    "days": 0,
                    "enabled": true
                  }
                ]
              }
            ],
            "eventhub_authorization_rule_id": "",
            "eventhub_name": "",
            "id": "/subscriptions/82f6d75e-85f4-434a-ab74-5dddd9fa8910/resourceGroups/rg-hub/providers/Microsoft.Network/bastionHosts/bastion-host|diagnostic-settings",
            "log": [
              {
                "category": "BastionAuditLogs",
                "category_group": "",
                "enabled": true,
                "retention_policy": [
                  {
                    "days": 0,
                    "enabled": true
                  }
                ]
              }
            ],
            "log_analytics_destination_type": "",
            "log_analytics_workspace_id": "/subscriptions/82f6d75e-85f4-434a-ab74-5dddd9fa8910/resourceGroups/rg-spoke-app/providers/Microsoft.OperationalInsights/workspaces/loganalyticsforaks011",
            "metric": [
              {
                "category": "AllMetrics",
                "enabled": true,
                "retention_policy": [
                  {
                    "days": 0,
                    "enabled": true
                  }
                ]
              }
            ],
            "name": "diagnostic-settings",
            "partner_solution_id": null,
            "storage_account_id": null,
            "target_resource_id": "/subscriptions/82f6d75e-85f4-434a-ab74-5dddd9fa8910/resourceGroups/rg-hub/providers/Microsoft.Network/bastionHosts/bastion-host",
            "timeouts": null
          },
          "sensitive_attributes": [],
          "private": "eyJlMmJmYjczMC1lY2FhLTExZTYtOGY4OC0zNDM2M2JjN2M0YzAiOnsiY3JlYXRlIjoxODAwMDAwMDAwMDAwLCJkZWxldGUiOjM2MDAwMDAwMDAwMDAsInJlYWQiOjMwMDAwMDAwMDAwMCwidXBkYXRlIjoxODAwMDAwMDAwMDAwfX0=",
          "dependencies": [
            "azurerm_bastion_host.bastion_host",
            "azurerm_log_analytics_workspace.workspace",
            "azurerm_public_ip.public_ip_bastion",
            "azurerm_resource_group.rg_hub",
            "azurerm_resource_group.rg_spoke_app",
            "azurerm_subnet.subnet_bastion",
            "azurerm_virtual_network.vnet_hub",
            "module.diagnostic_setting_bastion.data.azurerm_monitor_diagnostic_categories.categories"
          ]
        }
      ]
    },
    {
      "module": "module.diagnostic_setting_bastion_public_ip[0]",
      "mode": "data",
      "type": "azurerm_monitor_diagnostic_categories",
      "name": "categories",
      "provider": "provider[\"registry.terraform.io/hashicorp/azurerm\"]",
      "instances": [
        {
          "schema_version": 0,
          "attributes": {
            "id": "/subscriptions/82f6d75e-85f4-434a-ab74-5dddd9fa8910/resourceGroups/rg-hub/providers/Microsoft.Network/publicIPAddresses/public-ip-bastion",
            "log_category_groups": [
              "allLogs",
              "audit"
            ],
            "log_category_types": [
              "DDoSMitigationFlowLogs",
              "DDoSMitigationReports",
              "DDoSProtectionNotifications"
            ],
            "logs": [
              "DDoSMitigationFlowLogs",
              "DDoSMitigationReports",
              "DDoSProtectionNotifications"
            ],
            "metrics": [
              "AllMetrics"
            ],
            "resource_id": "/subscriptions/82f6d75e-85f4-434a-ab74-5dddd9fa8910/resourceGroups/rg-hub/providers/Microsoft.Network/publicIPAddresses/public-ip-bastion",
            "timeouts": null
          },
          "sensitive_attributes": []
        }
      ]
    },
    {
      "module": "module.diagnostic_setting_bastion_public_ip[0]",
      "mode": "managed",
      "type": "azurerm_monitor_diagnostic_setting",
      "name": "diagnostic_settings",
      "provider": "provider[\"registry.terraform.io/hashicorp/azurerm\"]",
      "instances": [
        {
          "schema_version": 0,
          "attributes": {
            "enabled_log": [
              {
                "category": "DDoSMitigationFlowLogs",
                "category_group": "",
                "retention_policy": [
                  {
                    "days": 0,
                    "enabled": true
                  }
                ]
              },
              {
                "category": "DDoSMitigationReports",
                "category_group": "",
                "retention_policy": [
                  {
                    "days": 0,
                    "enabled": true
                  }
                ]
              },
              {
                "category": "DDoSProtectionNotifications",
                "category_group": "",
                "retention_policy": [
                  {
                    "days": 0,
                    "enabled": true
                  }
                ]
              }
            ],
            "eventhub_authorization_rule_id": "",
            "eventhub_name": "",
            "id": "/subscriptions/82f6d75e-85f4-434a-ab74-5dddd9fa8910/resourceGroups/rg-hub/providers/Microsoft.Network/publicIPAddresses/public-ip-bastion|diagnostic-settings",
            "log": [
              {
                "category": "DDoSMitigationFlowLogs",
                "category_group": "",
                "enabled": true,
                "retention_policy": [
                  {
                    "days": 0,
                    "enabled": true
                  }
                ]
              },
              {
                "category": "DDoSMitigationReports",
                "category_group": "",
                "enabled": true,
                "retention_policy": [
                  {
                    "days": 0,
                    "enabled": true
                  }
                ]
              },
              {
                "category": "DDoSProtectionNotifications",
                "category_group": "",
                "enabled": true,
                "retention_policy": [
                  {
                    "days": 0,
                    "enabled": true
                  }
                ]
              }
            ],
            "log_analytics_destination_type": "",
            "log_analytics_workspace_id": "/subscriptions/82f6d75e-85f4-434a-ab74-5dddd9fa8910/resourceGroups/rg-spoke-app/providers/Microsoft.OperationalInsights/workspaces/loganalyticsforaks011",
            "metric": [
              {
                "category": "AllMetrics",
                "enabled": true,
                "retention_policy": [
                  {
                    "days": 0,
                    "enabled": true
                  }
                ]
              }
            ],
            "name": "diagnostic-settings",
            "partner_solution_id": null,
            "storage_account_id": null,
            "target_resource_id": "/subscriptions/82f6d75e-85f4-434a-ab74-5dddd9fa8910/resourceGroups/rg-hub/providers/Microsoft.Network/publicIPAddresses/public-ip-bastion",
            "timeouts": null
          },
          "sensitive_attributes": [],
          "private": "eyJlMmJmYjczMC1lY2FhLTExZTYtOGY4OC0zNDM2M2JjN2M0YzAiOnsiY3JlYXRlIjoxODAwMDAwMDAwMDAwLCJkZWxldGUiOjM2MDAwMDAwMDAwMDAsInJlYWQiOjMwMDAwMDAwMDAwMCwidXBkYXRlIjoxODAwMDAwMDAwMDAwfX0=",
          "dependencies": [
            "azurerm_log_analytics_workspace.workspace",
            "azurerm_public_ip.public_ip_bastion",
            "azurerm_resource_group.rg_hub",
            "azurerm_resource_group.rg_spoke_app",
            "module.diagnostic_setting_bastion_public_ip.data.azurerm_monitor_diagnostic_categories.categories"
          ]
        }
      ]
    },
    {
      "module": "module.diagnostic_setting_firewall[0]",
      "mode": "data",
      "type": "azurerm_monitor_diagnostic_categories",
      "name": "categories",
      "provider": "provider[\"registry.terraform.io/hashicorp/azurerm\"]",
      "instances": [
        {
          "schema_version": 0,
          "attributes": {
            "id": "/subscriptions/82f6d75e-85f4-434a-ab74-5dddd9fa8910/resourceGroups/rg-hub/providers/Microsoft.Network/azureFirewalls/firewall-hub",
            "log_category_groups": [
              "allLogs"
            ],
            "log_category_types": [
              "AZFWApplicationRule",
              "AZFWApplicationRuleAggregation",
              "AZFWDnsQuery",
              "AZFWFatFlow",
              "AZFWFlowTrace",
              "AZFWFqdnResolveFailure",
              "AZFWIdpsSignature",
              "AZFWNatRule",
              "AZFWNatRuleAggregation",
              "AZFWNetworkRule",
              "AZFWNetworkRuleAggregation",
              "AZFWThreatIntel",
              "AzureFirewallApplicationRule",
              "AzureFirewallDnsProxy",
              "AzureFirewallNetworkRule"
            ],
            "logs": [
              "AZFWApplicationRule",
              "AZFWApplicationRuleAggregation",
              "AZFWDnsQuery",
              "AZFWFatFlow",
              "AZFWFlowTrace",
              "AZFWFqdnResolveFailure",
              "AZFWIdpsSignature",
              "AZFWNatRule",
              "AZFWNatRuleAggregation",
              "AZFWNetworkRule",
              "AZFWNetworkRuleAggregation",
              "AZFWThreatIntel",
              "AzureFirewallApplicationRule",
              "AzureFirewallDnsProxy",
              "AzureFirewallNetworkRule"
            ],
            "metrics": [
              "AllMetrics"
            ],
            "resource_id": "/subscriptions/82f6d75e-85f4-434a-ab74-5dddd9fa8910/resourceGroups/rg-hub/providers/Microsoft.Network/azureFirewalls/firewall-hub",
            "timeouts": null
          },
          "sensitive_attributes": []
        }
      ]
    },
    {
      "module": "module.diagnostic_setting_firewall[0]",
      "mode": "managed",
      "type": "azurerm_monitor_diagnostic_setting",
      "name": "diagnostic_settings",
      "provider": "provider[\"registry.terraform.io/hashicorp/azurerm\"]",
      "instances": [
        {
          "schema_version": 0,
          "attributes": {
            "enabled_log": [
              {
                "category": "AZFWApplicationRule",
                "category_group": "",
                "retention_policy": [
                  {
                    "days": 0,
                    "enabled": true
                  }
                ]
              },
              {
                "category": "AZFWApplicationRuleAggregation",
                "category_group": "",
                "retention_policy": [
                  {
                    "days": 0,
                    "enabled": true
                  }
                ]
              },
              {
                "category": "AZFWDnsQuery",
                "category_group": "",
                "retention_policy": [
                  {
                    "days": 0,
                    "enabled": true
                  }
                ]
              },
              {
                "category": "AZFWFatFlow",
                "category_group": "",
                "retention_policy": [
                  {
                    "days": 0,
                    "enabled": true
                  }
                ]
              },
              {
                "category": "AZFWFlowTrace",
                "category_group": "",
                "retention_policy": [
                  {
                    "days": 0,
                    "enabled": true
                  }
                ]
              },
              {
                "category": "AZFWFqdnResolveFailure",
                "category_group": "",
                "retention_policy": [
                  {
                    "days": 0,
                    "enabled": true
                  }
                ]
              },
              {
                "category": "AZFWIdpsSignature",
                "category_group": "",
                "retention_policy": [
                  {
                    "days": 0,
                    "enabled": true
                  }
                ]
              },
              {
                "category": "AZFWNatRule",
                "category_group": "",
                "retention_policy": [
                  {
                    "days": 0,
                    "enabled": true
                  }
                ]
              },
              {
                "category": "AZFWNatRuleAggregation",
                "category_group": "",
                "retention_policy": [
                  {
                    "days": 0,
                    "enabled": true
                  }
                ]
              },
              {
                "category": "AZFWNetworkRule",
                "category_group": "",
                "retention_policy": [
                  {
                    "days": 0,
                    "enabled": true
                  }
                ]
              },
              {
                "category": "AZFWNetworkRuleAggregation",
                "category_group": "",
                "retention_policy": [
                  {
                    "days": 0,
                    "enabled": true
                  }
                ]
              },
              {
                "category": "AZFWThreatIntel",
                "category_group": "",
                "retention_policy": [
                  {
                    "days": 0,
                    "enabled": true
                  }
                ]
              },
              {
                "category": "AzureFirewallApplicationRule",
                "category_group": "",
                "retention_policy": [
                  {
                    "days": 0,
                    "enabled": true
                  }
                ]
              },
              {
                "category": "AzureFirewallDnsProxy",
                "category_group": "",
                "retention_policy": [
                  {
                    "days": 0,
                    "enabled": true
                  }
                ]
              },
              {
                "category": "AzureFirewallNetworkRule",
                "category_group": "",
                "retention_policy": [
                  {
                    "days": 0,
                    "enabled": true
                  }
                ]
              }
            ],
            "eventhub_authorization_rule_id": "",
            "eventhub_name": "",
            "id": "/subscriptions/82f6d75e-85f4-434a-ab74-5dddd9fa8910/resourceGroups/rg-hub/providers/Microsoft.Network/azureFirewalls/firewall-hub|diagnostic-settings",
            "log": [
              {
                "category": "AZFWApplicationRule",
                "category_group": "",
                "enabled": true,
                "retention_policy": [
                  {
                    "days": 0,
                    "enabled": true
                  }
                ]
              },
              {
                "category": "AZFWApplicationRuleAggregation",
                "category_group": "",
                "enabled": true,
                "retention_policy": [
                  {
                    "days": 0,
                    "enabled": true
                  }
                ]
              },
              {
                "category": "AZFWDnsQuery",
                "category_group": "",
                "enabled": true,
                "retention_policy": [
                  {
                    "days": 0,
                    "enabled": true
                  }
                ]
              },
              {
                "category": "AZFWFatFlow",
                "category_group": "",
                "enabled": true,
                "retention_policy": [
                  {
                    "days": 0,
                    "enabled": true
                  }
                ]
              },
              {
                "category": "AZFWFlowTrace",
                "category_group": "",
                "enabled": true,
                "retention_policy": [
                  {
                    "days": 0,
                    "enabled": true
                  }
                ]
              },
              {
                "category": "AZFWFqdnResolveFailure",
                "category_group": "",
                "enabled": true,
                "retention_policy": [
                  {
                    "days": 0,
                    "enabled": true
                  }
                ]
              },
              {
                "category": "AZFWIdpsSignature",
                "category_group": "",
                "enabled": true,
                "retention_policy": [
                  {
                    "days": 0,
                    "enabled": true
                  }
                ]
              },
              {
                "category": "AZFWNatRule",
                "category_group": "",
                "enabled": true,
                "retention_policy": [
                  {
                    "days": 0,
                    "enabled": true
                  }
                ]
              },
              {
                "category": "AZFWNatRuleAggregation",
                "category_group": "",
                "enabled": true,
                "retention_policy": [
                  {
                    "days": 0,
                    "enabled": true
                  }
                ]
              },
              {
                "category": "AZFWNetworkRule",
                "category_group": "",
                "enabled": true,
                "retention_policy": [
                  {
                    "days": 0,
                    "enabled": true
                  }
                ]
              },
              {
                "category": "AZFWNetworkRuleAggregation",
                "category_group": "",
                "enabled": true,
                "retention_policy": [
                  {
                    "days": 0,
                    "enabled": true
                  }
                ]
              },
              {
                "category": "AZFWThreatIntel",
                "category_group": "",
                "enabled": true,
                "retention_policy": [
                  {
                    "days": 0,
                    "enabled": true
                  }
                ]
              },
              {
                "category": "AzureFirewallApplicationRule",
                "category_group": "",
                "enabled": true,
                "retention_policy": [
                  {
                    "days": 0,
                    "enabled": true
                  }
                ]
              },
              {
                "category": "AzureFirewallDnsProxy",
                "category_group": "",
                "enabled": true,
                "retention_policy": [
                  {
                    "days": 0,
                    "enabled": true
                  }
                ]
              },
              {
                "category": "AzureFirewallNetworkRule",
                "category_group": "",
                "enabled": true,
                "retention_policy": [
                  {
                    "days": 0,
                    "enabled": true
                  }
                ]
              }
            ],
            "log_analytics_destination_type": "AzureDiagnostics",
            "log_analytics_workspace_id": "/subscriptions/82f6d75e-85f4-434a-ab74-5dddd9fa8910/resourceGroups/rg-spoke-app/providers/Microsoft.OperationalInsights/workspaces/loganalyticsforaks011",
            "metric": [
              {
                "category": "AllMetrics",
                "enabled": true,
                "retention_policy": [
                  {
                    "days": 0,
                    "enabled": true
                  }
                ]
              }
            ],
            "name": "diagnostic-settings",
            "partner_solution_id": null,
            "storage_account_id": null,
            "target_resource_id": "/subscriptions/82f6d75e-85f4-434a-ab74-5dddd9fa8910/resourceGroups/rg-hub/providers/Microsoft.Network/azureFirewalls/firewall-hub",
            "timeouts": null
          },
          "sensitive_attributes": [],
          "private": "eyJlMmJmYjczMC1lY2FhLTExZTYtOGY4OC0zNDM2M2JjN2M0YzAiOnsiY3JlYXRlIjoxODAwMDAwMDAwMDAwLCJkZWxldGUiOjM2MDAwMDAwMDAwMDAsInJlYWQiOjMwMDAwMDAwMDAwMCwidXBkYXRlIjoxODAwMDAwMDAwMDAwfX0=",
          "dependencies": [
            "azurerm_firewall.firewall",
            "azurerm_firewall_policy.firewall_policy",
            "azurerm_log_analytics_workspace.workspace",
            "azurerm_public_ip.public_ip_firewall",
            "azurerm_resource_group.rg_hub",
            "azurerm_resource_group.rg_spoke_app",
            "azurerm_subnet.subnet_firewall",
            "azurerm_virtual_network.vnet_hub",
            "module.diagnostic_setting_firewall.data.azurerm_monitor_diagnostic_categories.categories"
          ]
        }
      ]
    },
    {
      "module": "module.diagnostic_setting_firewall_public_ip[0]",
      "mode": "data",
      "type": "azurerm_monitor_diagnostic_categories",
      "name": "categories",
      "provider": "provider[\"registry.terraform.io/hashicorp/azurerm\"]",
      "instances": [
        {
          "schema_version": 0,
          "attributes": {
            "id": "/subscriptions/82f6d75e-85f4-434a-ab74-5dddd9fa8910/resourceGroups/rg-hub/providers/Microsoft.Network/publicIPAddresses/public-ip-firewall",
            "log_category_groups": [
              "allLogs",
              "audit"
            ],
            "log_category_types": [
              "DDoSMitigationFlowLogs",
              "DDoSMitigationReports",
              "DDoSProtectionNotifications"
            ],
            "logs": [
              "DDoSMitigationFlowLogs",
              "DDoSMitigationReports",
              "DDoSProtectionNotifications"
            ],
            "metrics": [
              "AllMetrics"
            ],
            "resource_id": "/subscriptions/82f6d75e-85f4-434a-ab74-5dddd9fa8910/resourceGroups/rg-hub/providers/Microsoft.Network/publicIPAddresses/public-ip-firewall",
            "timeouts": null
          },
          "sensitive_attributes": []
        }
      ]
    },
    {
      "module": "module.diagnostic_setting_firewall_public_ip[0]",
      "mode": "managed",
      "type": "azurerm_monitor_diagnostic_setting",
      "name": "diagnostic_settings",
      "provider": "provider[\"registry.terraform.io/hashicorp/azurerm\"]",
      "instances": [
        {
          "schema_version": 0,
          "attributes": {
            "enabled_log": [
              {
                "category": "DDoSMitigationFlowLogs",
                "category_group": "",
                "retention_policy": [
                  {
                    "days": 0,
                    "enabled": true
                  }
                ]
              },
              {
                "category": "DDoSMitigationReports",
                "category_group": "",
                "retention_policy": [
                  {
                    "days": 0,
                    "enabled": true
                  }
                ]
              },
              {
                "category": "DDoSProtectionNotifications",
                "category_group": "",
                "retention_policy": [
                  {
                    "days": 0,
                    "enabled": true
                  }
                ]
              }
            ],
            "eventhub_authorization_rule_id": "",
            "eventhub_name": "",
            "id": "/subscriptions/82f6d75e-85f4-434a-ab74-5dddd9fa8910/resourceGroups/rg-hub/providers/Microsoft.Network/publicIPAddresses/public-ip-firewall|diagnostic-settings",
            "log": [
              {
                "category": "DDoSMitigationFlowLogs",
                "category_group": "",
                "enabled": true,
                "retention_policy": [
                  {
                    "days": 0,
                    "enabled": true
                  }
                ]
              },
              {
                "category": "DDoSMitigationReports",
                "category_group": "",
                "enabled": true,
                "retention_policy": [
                  {
                    "days": 0,
                    "enabled": true
                  }
                ]
              },
              {
                "category": "DDoSProtectionNotifications",
                "category_group": "",
                "enabled": true,
                "retention_policy": [
                  {
                    "days": 0,
                    "enabled": true
                  }
                ]
              }
            ],
            "log_analytics_destination_type": "",
            "log_analytics_workspace_id": "/subscriptions/82f6d75e-85f4-434a-ab74-5dddd9fa8910/resourceGroups/rg-spoke-app/providers/Microsoft.OperationalInsights/workspaces/loganalyticsforaks011",
            "metric": [
              {
                "category": "AllMetrics",
                "enabled": true,
                "retention_policy": [
                  {
                    "days": 0,
                    "enabled": true
                  }
                ]
              }
            ],
            "name": "diagnostic-settings",
            "partner_solution_id": null,
            "storage_account_id": null,
            "target_resource_id": "/subscriptions/82f6d75e-85f4-434a-ab74-5dddd9fa8910/resourceGroups/rg-hub/providers/Microsoft.Network/publicIPAddresses/public-ip-firewall",
            "timeouts": null
          },
          "sensitive_attributes": [],
          "private": "eyJlMmJmYjczMC1lY2FhLTExZTYtOGY4OC0zNDM2M2JjN2M0YzAiOnsiY3JlYXRlIjoxODAwMDAwMDAwMDAwLCJkZWxldGUiOjM2MDAwMDAwMDAwMDAsInJlYWQiOjMwMDAwMDAwMDAwMCwidXBkYXRlIjoxODAwMDAwMDAwMDAwfX0=",
          "dependencies": [
            "azurerm_log_analytics_workspace.workspace",
            "azurerm_public_ip.public_ip_firewall",
            "azurerm_resource_group.rg_hub",
            "azurerm_resource_group.rg_spoke_app",
            "module.diagnostic_setting_firewall_public_ip.data.azurerm_monitor_diagnostic_categories.categories"
          ]
        }
      ]
    },
    {
      "module": "module.diagnostic_setting_keyvault[0]",
      "mode": "data",
      "type": "azurerm_monitor_diagnostic_categories",
      "name": "categories",
      "provider": "provider[\"registry.terraform.io/hashicorp/azurerm\"]",
      "instances": [
        {
          "schema_version": 0,
          "attributes": {
            "id": "/subscriptions/82f6d75e-85f4-434a-ab74-5dddd9fa8910/resourceGroups/rg-spoke-app/providers/Microsoft.KeyVault/vaults/kvforaks0113",
            "log_category_groups": [
              "allLogs",
              "audit"
            ],
            "log_category_types": [
              "AuditEvent",
              "AzurePolicyEvaluationDetails"
            ],
            "logs": [
              "AuditEvent",
              "AzurePolicyEvaluationDetails"
            ],
            "metrics": [
              "AllMetrics"
            ],
            "resource_id": "/subscriptions/82f6d75e-85f4-434a-ab74-5dddd9fa8910/resourceGroups/rg-spoke-app/providers/Microsoft.KeyVault/vaults/kvforaks0113",
            "timeouts": null
          },
          "sensitive_attributes": []
        }
      ]
    },
    {
      "module": "module.diagnostic_setting_keyvault[0]",
      "mode": "managed",
      "type": "azurerm_monitor_diagnostic_setting",
      "name": "diagnostic_settings",
      "provider": "provider[\"registry.terraform.io/hashicorp/azurerm\"]",
      "instances": [
        {
          "schema_version": 0,
          "attributes": {
            "enabled_log": [
              {
                "category": "AuditEvent",
                "category_group": "",
                "retention_policy": [
                  {
                    "days": 0,
                    "enabled": true
                  }
                ]
              },
              {
                "category": "AzurePolicyEvaluationDetails",
                "category_group": "",
                "retention_policy": [
                  {
                    "days": 0,
                    "enabled": true
                  }
                ]
              }
            ],
            "eventhub_authorization_rule_id": "",
            "eventhub_name": "",
            "id": "/subscriptions/82f6d75e-85f4-434a-ab74-5dddd9fa8910/resourceGroups/rg-spoke-app/providers/Microsoft.KeyVault/vaults/kvforaks0113|diagnostic-settings",
            "log": [
              {
                "category": "AuditEvent",
                "category_group": "",
                "enabled": true,
                "retention_policy": [
                  {
                    "days": 0,
                    "enabled": true
                  }
                ]
              },
              {
                "category": "AzurePolicyEvaluationDetails",
                "category_group": "",
                "enabled": true,
                "retention_policy": [
                  {
                    "days": 0,
                    "enabled": true
                  }
                ]
              }
            ],
            "log_analytics_destination_type": "AzureDiagnostics",
            "log_analytics_workspace_id": "/subscriptions/82f6d75e-85f4-434a-ab74-5dddd9fa8910/resourceGroups/rg-spoke-app/providers/Microsoft.OperationalInsights/workspaces/loganalyticsforaks011",
            "metric": [
              {
                "category": "AllMetrics",
                "enabled": true,
                "retention_policy": [
                  {
                    "days": 0,
                    "enabled": true
                  }
                ]
              }
            ],
            "name": "diagnostic-settings",
            "partner_solution_id": null,
            "storage_account_id": null,
            "target_resource_id": "/subscriptions/82f6d75e-85f4-434a-ab74-5dddd9fa8910/resourceGroups/rg-spoke-app/providers/Microsoft.KeyVault/vaults/kvforaks0113",
            "timeouts": null
          },
          "sensitive_attributes": [],
          "private": "eyJlMmJmYjczMC1lY2FhLTExZTYtOGY4OC0zNDM2M2JjN2M0YzAiOnsiY3JlYXRlIjoxODAwMDAwMDAwMDAwLCJkZWxldGUiOjM2MDAwMDAwMDAwMDAsInJlYWQiOjMwMDAwMDAwMDAwMCwidXBkYXRlIjoxODAwMDAwMDAwMDAwfX0=",
          "dependencies": [
            "azurerm_key_vault.kv",
            "azurerm_log_analytics_workspace.workspace",
            "azurerm_resource_group.rg_spoke_app",
            "data.azurerm_client_config.current",
            "data.http.machine_ip",
            "module.diagnostic_setting_keyvault.data.azurerm_monitor_diagnostic_categories.categories"
          ]
        }
      ]
    },
    {
      "module": "module.diagnostic_setting_nsg[0]",
      "mode": "data",
      "type": "azurerm_monitor_diagnostic_categories",
      "name": "categories",
      "provider": "provider[\"registry.terraform.io/hashicorp/azurerm\"]",
      "instances": [
        {
          "schema_version": 0,
          "attributes": {
            "id": "/subscriptions/82f6d75e-85f4-434a-ab74-5dddd9fa8910/resourceGroups/rg-spoke3/providers/Microsoft.Network/networkSecurityGroups/nsg_subnet_vnet_integration",
            "log_category_groups": [
              "allLogs"
            ],
            "log_category_types": [
              "NetworkSecurityGroupEvent",
              "NetworkSecurityGroupRuleCounter"
            ],
            "logs": [
              "NetworkSecurityGroupEvent",
              "NetworkSecurityGroupRuleCounter"
            ],
            "metrics": [],
            "resource_id": "/subscriptions/82f6d75e-85f4-434a-ab74-5dddd9fa8910/resourceGroups/rg-spoke3/providers/Microsoft.Network/networkSecurityGroups/nsg_subnet_vnet_integration",
            "timeouts": null
          },
          "sensitive_attributes": []
        }
      ]
    },
    {
      "module": "module.diagnostic_setting_nsg[0]",
      "mode": "managed",
      "type": "azurerm_monitor_diagnostic_setting",
      "name": "diagnostic_settings",
      "provider": "provider[\"registry.terraform.io/hashicorp/azurerm\"]",
      "instances": [
        {
          "schema_version": 0,
          "attributes": {
            "enabled_log": [
              {
                "category": "NetworkSecurityGroupEvent",
                "category_group": "",
                "retention_policy": [
                  {
                    "days": 0,
                    "enabled": true
                  }
                ]
              },
              {
                "category": "NetworkSecurityGroupRuleCounter",
                "category_group": "",
                "retention_policy": [
                  {
                    "days": 0,
                    "enabled": true
                  }
                ]
              }
            ],
            "eventhub_authorization_rule_id": "",
            "eventhub_name": "",
            "id": "/subscriptions/82f6d75e-85f4-434a-ab74-5dddd9fa8910/resourceGroups/rg-spoke3/providers/Microsoft.Network/networkSecurityGroups/nsg_subnet_vnet_integration|diagnostic-settings",
            "log": [
              {
                "category": "NetworkSecurityGroupEvent",
                "category_group": "",
                "enabled": true,
                "retention_policy": [
                  {
                    "days": 0,
                    "enabled": true
                  }
                ]
              },
              {
                "category": "NetworkSecurityGroupRuleCounter",
                "category_group": "",
                "enabled": true,
                "retention_policy": [
                  {
                    "days": 0,
                    "enabled": true
                  }
                ]
              }
            ],
            "log_analytics_destination_type": "",
            "log_analytics_workspace_id": "/subscriptions/82f6d75e-85f4-434a-ab74-5dddd9fa8910/resourceGroups/rg-spoke-app/providers/Microsoft.OperationalInsights/workspaces/loganalyticsforaks011",
            "metric": [],
            "name": "diagnostic-settings",
            "partner_solution_id": null,
            "storage_account_id": null,
            "target_resource_id": "/subscriptions/82f6d75e-85f4-434a-ab74-5dddd9fa8910/resourceGroups/rg-spoke3/providers/Microsoft.Network/networkSecurityGroups/nsg_subnet_vnet_integration",
            "timeouts": null
          },
          "sensitive_attributes": [],
          "private": "eyJlMmJmYjczMC1lY2FhLTExZTYtOGY4OC0zNDM2M2JjN2M0YzAiOnsiY3JlYXRlIjoxODAwMDAwMDAwMDAwLCJkZWxldGUiOjM2MDAwMDAwMDAwMDAsInJlYWQiOjMwMDAwMDAwMDAwMCwidXBkYXRlIjoxODAwMDAwMDAwMDAwfX0=",
          "dependencies": [
            "azurerm_log_analytics_workspace.workspace",
            "azurerm_resource_group.rg_spoke_app",
            "data.azurerm_resources.nsg",
            "module.diagnostic_setting_nsg.data.azurerm_monitor_diagnostic_categories.categories"
          ]
        }
      ]
    },
    {
      "module": "module.diagnostic_setting_nsg[1]",
      "mode": "data",
      "type": "azurerm_monitor_diagnostic_categories",
      "name": "categories",
      "provider": "provider[\"registry.terraform.io/hashicorp/azurerm\"]",
      "instances": [
        {
          "schema_version": 0,
          "attributes": {
            "id": "/subscriptions/82f6d75e-85f4-434a-ab74-5dddd9fa8910/resourceGroups/rg-spoke-aks/providers/Microsoft.Network/networkSecurityGroups/nsg_subnet_nodes",
            "log_category_groups": [
              "allLogs"
            ],
            "log_category_types": [
              "NetworkSecurityGroupEvent",
              "NetworkSecurityGroupRuleCounter"
            ],
            "logs": [
              "NetworkSecurityGroupEvent",
              "NetworkSecurityGroupRuleCounter"
            ],
            "metrics": [],
            "resource_id": "/subscriptions/82f6d75e-85f4-434a-ab74-5dddd9fa8910/resourceGroups/rg-spoke-aks/providers/Microsoft.Network/networkSecurityGroups/nsg_subnet_nodes",
            "timeouts": null
          },
          "sensitive_attributes": []
        }
      ]
    },
    {
      "module": "module.diagnostic_setting_nsg[1]",
      "mode": "managed",
      "type": "azurerm_monitor_diagnostic_setting",
      "name": "diagnostic_settings",
      "provider": "provider[\"registry.terraform.io/hashicorp/azurerm\"]",
      "instances": [
        {
          "schema_version": 0,
          "attributes": {
            "enabled_log": [
              {
                "category": "NetworkSecurityGroupEvent",
                "category_group": "",
                "retention_policy": [
                  {
                    "days": 0,
                    "enabled": true
                  }
                ]
              },
              {
                "category": "NetworkSecurityGroupRuleCounter",
                "category_group": "",
                "retention_policy": [
                  {
                    "days": 0,
                    "enabled": true
                  }
                ]
              }
            ],
            "eventhub_authorization_rule_id": "",
            "eventhub_name": "",
            "id": "/subscriptions/82f6d75e-85f4-434a-ab74-5dddd9fa8910/resourceGroups/rg-spoke-aks/providers/Microsoft.Network/networkSecurityGroups/nsg_subnet_nodes|diagnostic-settings",
            "log": [
              {
                "category": "NetworkSecurityGroupEvent",
                "category_group": "",
                "enabled": true,
                "retention_policy": [
                  {
                    "days": 0,
                    "enabled": true
                  }
                ]
              },
              {
                "category": "NetworkSecurityGroupRuleCounter",
                "category_group": "",
                "enabled": true,
                "retention_policy": [
                  {
                    "days": 0,
                    "enabled": true
                  }
                ]
              }
            ],
            "log_analytics_destination_type": "",
            "log_analytics_workspace_id": "/subscriptions/82f6d75e-85f4-434a-ab74-5dddd9fa8910/resourceGroups/rg-spoke-app/providers/Microsoft.OperationalInsights/workspaces/loganalyticsforaks011",
            "metric": [],
            "name": "diagnostic-settings",
            "partner_solution_id": null,
            "storage_account_id": null,
            "target_resource_id": "/subscriptions/82f6d75e-85f4-434a-ab74-5dddd9fa8910/resourceGroups/rg-spoke-aks/providers/Microsoft.Network/networkSecurityGroups/nsg_subnet_nodes",
            "timeouts": null
          },
          "sensitive_attributes": [],
          "private": "eyJlMmJmYjczMC1lY2FhLTExZTYtOGY4OC0zNDM2M2JjN2M0YzAiOnsiY3JlYXRlIjoxODAwMDAwMDAwMDAwLCJkZWxldGUiOjM2MDAwMDAwMDAwMDAsInJlYWQiOjMwMDAwMDAwMDAwMCwidXBkYXRlIjoxODAwMDAwMDAwMDAwfX0=",
          "dependencies": [
            "azurerm_log_analytics_workspace.workspace",
            "azurerm_resource_group.rg_spoke_app",
            "data.azurerm_resources.nsg",
            "module.diagnostic_setting_nsg.data.azurerm_monitor_diagnostic_categories.categories"
          ]
        }
      ]
    },
    {
      "module": "module.diagnostic_setting_nsg[2]",
      "mode": "data",
      "type": "azurerm_monitor_diagnostic_categories",
      "name": "categories",
      "provider": "provider[\"registry.terraform.io/hashicorp/azurerm\"]",
      "instances": [
        {
          "schema_version": 0,
          "attributes": {
            "id": "/subscriptions/82f6d75e-85f4-434a-ab74-5dddd9fa8910/resourceGroups/rg-spoke-aks/providers/Microsoft.Network/networkSecurityGroups/nsg_subnet_pods",
            "log_category_groups": [
              "allLogs"
            ],
            "log_category_types": [
              "NetworkSecurityGroupEvent",
              "NetworkSecurityGroupRuleCounter"
            ],
            "logs": [
              "NetworkSecurityGroupEvent",
              "NetworkSecurityGroupRuleCounter"
            ],
            "metrics": [],
            "resource_id": "/subscriptions/82f6d75e-85f4-434a-ab74-5dddd9fa8910/resourceGroups/rg-spoke-aks/providers/Microsoft.Network/networkSecurityGroups/nsg_subnet_pods",
            "timeouts": null
          },
          "sensitive_attributes": []
        }
      ]
    },
    {
      "module": "module.diagnostic_setting_nsg[2]",
      "mode": "managed",
      "type": "azurerm_monitor_diagnostic_setting",
      "name": "diagnostic_settings",
      "provider": "provider[\"registry.terraform.io/hashicorp/azurerm\"]",
      "instances": [
        {
          "schema_version": 0,
          "attributes": {
            "enabled_log": [
              {
                "category": "NetworkSecurityGroupEvent",
                "category_group": "",
                "retention_policy": [
                  {
                    "days": 0,
                    "enabled": true
                  }
                ]
              },
              {
                "category": "NetworkSecurityGroupRuleCounter",
                "category_group": "",
                "retention_policy": [
                  {
                    "days": 0,
                    "enabled": true
                  }
                ]
              }
            ],
            "eventhub_authorization_rule_id": "",
            "eventhub_name": "",
            "id": "/subscriptions/82f6d75e-85f4-434a-ab74-5dddd9fa8910/resourceGroups/rg-spoke-aks/providers/Microsoft.Network/networkSecurityGroups/nsg_subnet_pods|diagnostic-settings",
            "log": [
              {
                "category": "NetworkSecurityGroupEvent",
                "category_group": "",
                "enabled": true,
                "retention_policy": [
                  {
                    "days": 0,
                    "enabled": true
                  }
                ]
              },
              {
                "category": "NetworkSecurityGroupRuleCounter",
                "category_group": "",
                "enabled": true,
                "retention_policy": [
                  {
                    "days": 0,
                    "enabled": true
                  }
                ]
              }
            ],
            "log_analytics_destination_type": "",
            "log_analytics_workspace_id": "/subscriptions/82f6d75e-85f4-434a-ab74-5dddd9fa8910/resourceGroups/rg-spoke-app/providers/Microsoft.OperationalInsights/workspaces/loganalyticsforaks011",
            "metric": [],
            "name": "diagnostic-settings",
            "partner_solution_id": null,
            "storage_account_id": null,
            "target_resource_id": "/subscriptions/82f6d75e-85f4-434a-ab74-5dddd9fa8910/resourceGroups/rg-spoke-aks/providers/Microsoft.Network/networkSecurityGroups/nsg_subnet_pods",
            "timeouts": null
          },
          "sensitive_attributes": [],
          "private": "eyJlMmJmYjczMC1lY2FhLTExZTYtOGY4OC0zNDM2M2JjN2M0YzAiOnsiY3JlYXRlIjoxODAwMDAwMDAwMDAwLCJkZWxldGUiOjM2MDAwMDAwMDAwMDAsInJlYWQiOjMwMDAwMDAwMDAwMCwidXBkYXRlIjoxODAwMDAwMDAwMDAwfX0=",
          "dependencies": [
            "azurerm_log_analytics_workspace.workspace",
            "azurerm_resource_group.rg_spoke_app",
            "data.azurerm_resources.nsg",
            "module.diagnostic_setting_nsg.data.azurerm_monitor_diagnostic_categories.categories"
          ]
        }
      ]
    },
    {
      "module": "module.diagnostic_setting_nsg[3]",
      "mode": "data",
      "type": "azurerm_monitor_diagnostic_categories",
      "name": "categories",
      "provider": "provider[\"registry.terraform.io/hashicorp/azurerm\"]",
      "instances": [
        {
          "schema_version": 0,
          "attributes": {
            "id": "/subscriptions/82f6d75e-85f4-434a-ab74-5dddd9fa8910/resourceGroups/rg-spoke-mgt/providers/Microsoft.Network/networkSecurityGroups/nsg_subnet_mgt",
            "log_category_groups": [
              "allLogs"
            ],
            "log_category_types": [
              "NetworkSecurityGroupEvent",
              "NetworkSecurityGroupRuleCounter"
            ],
            "logs": [
              "NetworkSecurityGroupEvent",
              "NetworkSecurityGroupRuleCounter"
            ],
            "metrics": [],
            "resource_id": "/subscriptions/82f6d75e-85f4-434a-ab74-5dddd9fa8910/resourceGroups/rg-spoke-mgt/providers/Microsoft.Network/networkSecurityGroups/nsg_subnet_mgt",
            "timeouts": null
          },
          "sensitive_attributes": []
        }
      ]
    },
    {
      "module": "module.diagnostic_setting_nsg[3]",
      "mode": "managed",
      "type": "azurerm_monitor_diagnostic_setting",
      "name": "diagnostic_settings",
      "provider": "provider[\"registry.terraform.io/hashicorp/azurerm\"]",
      "instances": [
        {
          "schema_version": 0,
          "attributes": {
            "enabled_log": [
              {
                "category": "NetworkSecurityGroupEvent",
                "category_group": "",
                "retention_policy": [
                  {
                    "days": 0,
                    "enabled": true
                  }
                ]
              },
              {
                "category": "NetworkSecurityGroupRuleCounter",
                "category_group": "",
                "retention_policy": [
                  {
                    "days": 0,
                    "enabled": true
                  }
                ]
              }
            ],
            "eventhub_authorization_rule_id": "",
            "eventhub_name": "",
            "id": "/subscriptions/82f6d75e-85f4-434a-ab74-5dddd9fa8910/resourceGroups/rg-spoke-mgt/providers/Microsoft.Network/networkSecurityGroups/nsg_subnet_mgt|diagnostic-settings",
            "log": [
              {
                "category": "NetworkSecurityGroupEvent",
                "category_group": "",
                "enabled": true,
                "retention_policy": [
                  {
                    "days": 0,
                    "enabled": true
                  }
                ]
              },
              {
                "category": "NetworkSecurityGroupRuleCounter",
                "category_group": "",
                "enabled": true,
                "retention_policy": [
                  {
                    "days": 0,
                    "enabled": true
                  }
                ]
              }
            ],
            "log_analytics_destination_type": "",
            "log_analytics_workspace_id": "/subscriptions/82f6d75e-85f4-434a-ab74-5dddd9fa8910/resourceGroups/rg-spoke-app/providers/Microsoft.OperationalInsights/workspaces/loganalyticsforaks011",
            "metric": [],
            "name": "diagnostic-settings",
            "partner_solution_id": null,
            "storage_account_id": null,
            "target_resource_id": "/subscriptions/82f6d75e-85f4-434a-ab74-5dddd9fa8910/resourceGroups/rg-spoke-mgt/providers/Microsoft.Network/networkSecurityGroups/nsg_subnet_mgt",
            "timeouts": null
          },
          "sensitive_attributes": [],
          "private": "eyJlMmJmYjczMC1lY2FhLTExZTYtOGY4OC0zNDM2M2JjN2M0YzAiOnsiY3JlYXRlIjoxODAwMDAwMDAwMDAwLCJkZWxldGUiOjM2MDAwMDAwMDAwMDAsInJlYWQiOjMwMDAwMDAwMDAwMCwidXBkYXRlIjoxODAwMDAwMDAwMDAwfX0=",
          "dependencies": [
            "azurerm_log_analytics_workspace.workspace",
            "azurerm_resource_group.rg_spoke_app",
            "data.azurerm_resources.nsg",
            "module.diagnostic_setting_nsg.data.azurerm_monitor_diagnostic_categories.categories"
          ]
        }
      ]
    },
    {
      "module": "module.diagnostic_setting_storage[0]",
      "mode": "data",
      "type": "azurerm_monitor_diagnostic_categories",
      "name": "categories",
      "provider": "provider[\"registry.terraform.io/hashicorp/azurerm\"]",
      "instances": [
        {
          "schema_version": 0,
          "attributes": {
            "id": "/subscriptions/82f6d75e-85f4-434a-ab74-5dddd9fa8910/resourceGroups/rg-spoke-app/providers/Microsoft.Storage/storageAccounts/storageforaks011",
            "log_category_groups": [],
            "log_category_types": [],
            "logs": [],
            "metrics": [
              "Capacity",
              "Transaction"
            ],
            "resource_id": "/subscriptions/82f6d75e-85f4-434a-ab74-5dddd9fa8910/resourceGroups/rg-spoke-app/providers/Microsoft.Storage/storageAccounts/storageforaks011",
            "timeouts": null
          },
          "sensitive_attributes": []
        }
      ]
    },
    {
      "module": "module.diagnostic_setting_storage[0]",
      "mode": "managed",
      "type": "azurerm_monitor_diagnostic_setting",
      "name": "diagnostic_settings",
      "provider": "provider[\"registry.terraform.io/hashicorp/azurerm\"]",
      "instances": [
        {
          "schema_version": 0,
          "attributes": {
            "enabled_log": [],
            "eventhub_authorization_rule_id": "",
            "eventhub_name": "",
            "id": "/subscriptions/82f6d75e-85f4-434a-ab74-5dddd9fa8910/resourceGroups/rg-spoke-app/providers/Microsoft.Storage/storageAccounts/storageforaks011|diagnostic-settings",
            "log": [],
            "log_analytics_destination_type": "",
            "log_analytics_workspace_id": "/subscriptions/82f6d75e-85f4-434a-ab74-5dddd9fa8910/resourceGroups/rg-spoke-app/providers/Microsoft.OperationalInsights/workspaces/loganalyticsforaks011",
            "metric": [
              {
                "category": "Capacity",
                "enabled": true,
                "retention_policy": [
                  {
                    "days": 0,
                    "enabled": true
                  }
                ]
              },
              {
                "category": "Transaction",
                "enabled": true,
                "retention_policy": [
                  {
                    "days": 0,
                    "enabled": true
                  }
                ]
              }
            ],
            "name": "diagnostic-settings",
            "partner_solution_id": null,
            "storage_account_id": null,
            "target_resource_id": "/subscriptions/82f6d75e-85f4-434a-ab74-5dddd9fa8910/resourceGroups/rg-spoke-app/providers/Microsoft.Storage/storageAccounts/storageforaks011",
            "timeouts": null
          },
          "sensitive_attributes": [],
          "private": "eyJlMmJmYjczMC1lY2FhLTExZTYtOGY4OC0zNDM2M2JjN2M0YzAiOnsiY3JlYXRlIjoxODAwMDAwMDAwMDAwLCJkZWxldGUiOjM2MDAwMDAwMDAwMDAsInJlYWQiOjMwMDAwMDAwMDAwMCwidXBkYXRlIjoxODAwMDAwMDAwMDAwfX0=",
          "dependencies": [
            "azurerm_log_analytics_workspace.workspace",
            "azurerm_resource_group.rg_spoke_app",
            "azurerm_storage_account.storage",
            "module.diagnostic_setting_storage.data.azurerm_monitor_diagnostic_categories.categories"
          ]
        }
      ]
    },
    {
      "module": "module.diagnostic_setting_vnet[0]",
      "mode": "data",
      "type": "azurerm_monitor_diagnostic_categories",
      "name": "categories",
      "provider": "provider[\"registry.terraform.io/hashicorp/azurerm\"]",
      "instances": [
        {
          "schema_version": 0,
          "attributes": {
            "id": "/subscriptions/82f6d75e-85f4-434a-ab74-5dddd9fa8910/resourceGroups/rg-hub/providers/Microsoft.Network/virtualNetworks/vnet-hub",
            "log_category_groups": [
              "allLogs"
            ],
            "log_category_types": [
              "VMProtectionAlerts"
            ],
            "logs": [
              "VMProtectionAlerts"
            ],
            "metrics": [
              "AllMetrics"
            ],
            "resource_id": "/subscriptions/82f6d75e-85f4-434a-ab74-5dddd9fa8910/resourceGroups/rg-hub/providers/Microsoft.Network/virtualNetworks/vnet-hub",
            "timeouts": null
          },
          "sensitive_attributes": []
        }
      ]
    },
    {
      "module": "module.diagnostic_setting_vnet[0]",
      "mode": "managed",
      "type": "azurerm_monitor_diagnostic_setting",
      "name": "diagnostic_settings",
      "provider": "provider[\"registry.terraform.io/hashicorp/azurerm\"]",
      "instances": [
        {
          "schema_version": 0,
          "attributes": {
            "enabled_log": [
              {
                "category": "VMProtectionAlerts",
                "category_group": "",
                "retention_policy": [
                  {
                    "days": 0,
                    "enabled": true
                  }
                ]
              }
            ],
            "eventhub_authorization_rule_id": "",
            "eventhub_name": "",
            "id": "/subscriptions/82f6d75e-85f4-434a-ab74-5dddd9fa8910/resourceGroups/rg-hub/providers/Microsoft.Network/virtualNetworks/vnet-hub|diagnostic-settings",
            "log": [
              {
                "category": "VMProtectionAlerts",
                "category_group": "",
                "enabled": true,
                "retention_policy": [
                  {
                    "days": 0,
                    "enabled": true
                  }
                ]
              }
            ],
            "log_analytics_destination_type": "",
            "log_analytics_workspace_id": "/subscriptions/82f6d75e-85f4-434a-ab74-5dddd9fa8910/resourceGroups/rg-spoke-app/providers/Microsoft.OperationalInsights/workspaces/loganalyticsforaks011",
            "metric": [
              {
                "category": "AllMetrics",
                "enabled": true,
                "retention_policy": [
                  {
                    "days": 0,
                    "enabled": true
                  }
                ]
              }
            ],
            "name": "diagnostic-settings",
            "partner_solution_id": null,
            "storage_account_id": null,
            "target_resource_id": "/subscriptions/82f6d75e-85f4-434a-ab74-5dddd9fa8910/resourceGroups/rg-hub/providers/Microsoft.Network/virtualNetworks/vnet-hub",
            "timeouts": null
          },
          "sensitive_attributes": [],
          "private": "eyJlMmJmYjczMC1lY2FhLTExZTYtOGY4OC0zNDM2M2JjN2M0YzAiOnsiY3JlYXRlIjoxODAwMDAwMDAwMDAwLCJkZWxldGUiOjM2MDAwMDAwMDAwMDAsInJlYWQiOjMwMDAwMDAwMDAwMCwidXBkYXRlIjoxODAwMDAwMDAwMDAwfX0=",
          "dependencies": [
            "azurerm_log_analytics_workspace.workspace",
            "azurerm_resource_group.rg_spoke_app",
            "data.azurerm_resources.vnet",
            "module.diagnostic_setting_vnet.data.azurerm_monitor_diagnostic_categories.categories"
          ]
        }
      ]
    },
    {
      "module": "module.diagnostic_setting_vnet[1]",
      "mode": "data",
      "type": "azurerm_monitor_diagnostic_categories",
      "name": "categories",
      "provider": "provider[\"registry.terraform.io/hashicorp/azurerm\"]",
      "instances": [
        {
          "schema_version": 0,
          "attributes": {
            "id": "/subscriptions/82f6d75e-85f4-434a-ab74-5dddd9fa8910/resourceGroups/rg-spoke-app/providers/Microsoft.Network/virtualNetworks/vnet-spoke-app",
            "log_category_groups": [
              "allLogs"
            ],
            "log_category_types": [
              "VMProtectionAlerts"
            ],
            "logs": [
              "VMProtectionAlerts"
            ],
            "metrics": [
              "AllMetrics"
            ],
            "resource_id": "/subscriptions/82f6d75e-85f4-434a-ab74-5dddd9fa8910/resourceGroups/rg-spoke-app/providers/Microsoft.Network/virtualNetworks/vnet-spoke-app",
            "timeouts": null
          },
          "sensitive_attributes": []
        }
      ]
    },
    {
      "module": "module.diagnostic_setting_vnet[1]",
      "mode": "managed",
      "type": "azurerm_monitor_diagnostic_setting",
      "name": "diagnostic_settings",
      "provider": "provider[\"registry.terraform.io/hashicorp/azurerm\"]",
      "instances": [
        {
          "schema_version": 0,
          "attributes": {
            "enabled_log": [
              {
                "category": "VMProtectionAlerts",
                "category_group": "",
                "retention_policy": [
                  {
                    "days": 0,
                    "enabled": true
                  }
                ]
              }
            ],
            "eventhub_authorization_rule_id": "",
            "eventhub_name": "",
            "id": "/subscriptions/82f6d75e-85f4-434a-ab74-5dddd9fa8910/resourceGroups/rg-spoke-app/providers/Microsoft.Network/virtualNetworks/vnet-spoke-app|diagnostic-settings",
            "log": [
              {
                "category": "VMProtectionAlerts",
                "category_group": "",
                "enabled": true,
                "retention_policy": [
                  {
                    "days": 0,
                    "enabled": true
                  }
                ]
              }
            ],
            "log_analytics_destination_type": "",
            "log_analytics_workspace_id": "/subscriptions/82f6d75e-85f4-434a-ab74-5dddd9fa8910/resourceGroups/rg-spoke-app/providers/Microsoft.OperationalInsights/workspaces/loganalyticsforaks011",
            "metric": [
              {
                "category": "AllMetrics",
                "enabled": true,
                "retention_policy": [
                  {
                    "days": 0,
                    "enabled": true
                  }
                ]
              }
            ],
            "name": "diagnostic-settings",
            "partner_solution_id": null,
            "storage_account_id": null,
            "target_resource_id": "/subscriptions/82f6d75e-85f4-434a-ab74-5dddd9fa8910/resourceGroups/rg-spoke-app/providers/Microsoft.Network/virtualNetworks/vnet-spoke-app",
            "timeouts": null
          },
          "sensitive_attributes": [],
          "private": "eyJlMmJmYjczMC1lY2FhLTExZTYtOGY4OC0zNDM2M2JjN2M0YzAiOnsiY3JlYXRlIjoxODAwMDAwMDAwMDAwLCJkZWxldGUiOjM2MDAwMDAwMDAwMDAsInJlYWQiOjMwMDAwMDAwMDAwMCwidXBkYXRlIjoxODAwMDAwMDAwMDAwfX0=",
          "dependencies": [
            "azurerm_log_analytics_workspace.workspace",
            "azurerm_resource_group.rg_spoke_app",
            "data.azurerm_resources.vnet",
            "module.diagnostic_setting_vnet.data.azurerm_monitor_diagnostic_categories.categories"
          ]
        }
      ]
    },
    {
      "module": "module.diagnostic_setting_vnet[2]",
      "mode": "data",
      "type": "azurerm_monitor_diagnostic_categories",
      "name": "categories",
      "provider": "provider[\"registry.terraform.io/hashicorp/azurerm\"]",
      "instances": [
        {
          "schema_version": 0,
          "attributes": {
            "id": "/subscriptions/82f6d75e-85f4-434a-ab74-5dddd9fa8910/resourceGroups/rg-spoke-mgt/providers/Microsoft.Network/virtualNetworks/vnet-spoke-mgt",
            "log_category_groups": [
              "allLogs"
            ],
            "log_category_types": [
              "VMProtectionAlerts"
            ],
            "logs": [
              "VMProtectionAlerts"
            ],
            "metrics": [
              "AllMetrics"
            ],
            "resource_id": "/subscriptions/82f6d75e-85f4-434a-ab74-5dddd9fa8910/resourceGroups/rg-spoke-mgt/providers/Microsoft.Network/virtualNetworks/vnet-spoke-mgt",
            "timeouts": null
          },
          "sensitive_attributes": []
        }
      ]
    },
    {
      "module": "module.diagnostic_setting_vnet[2]",
      "mode": "managed",
      "type": "azurerm_monitor_diagnostic_setting",
      "name": "diagnostic_settings",
      "provider": "provider[\"registry.terraform.io/hashicorp/azurerm\"]",
      "instances": [
        {
          "schema_version": 0,
          "attributes": {
            "enabled_log": [
              {
                "category": "VMProtectionAlerts",
                "category_group": "",
                "retention_policy": [
                  {
                    "days": 0,
                    "enabled": true
                  }
                ]
              }
            ],
            "eventhub_authorization_rule_id": "",
            "eventhub_name": "",
            "id": "/subscriptions/82f6d75e-85f4-434a-ab74-5dddd9fa8910/resourceGroups/rg-spoke-mgt/providers/Microsoft.Network/virtualNetworks/vnet-spoke-mgt|diagnostic-settings",
            "log": [
              {
                "category": "VMProtectionAlerts",
                "category_group": "",
                "enabled": true,
                "retention_policy": [
                  {
                    "days": 0,
                    "enabled": true
                  }
                ]
              }
            ],
            "log_analytics_destination_type": "",
            "log_analytics_workspace_id": "/subscriptions/82f6d75e-85f4-434a-ab74-5dddd9fa8910/resourceGroups/rg-spoke-app/providers/Microsoft.OperationalInsights/workspaces/loganalyticsforaks011",
            "metric": [
              {
                "category": "AllMetrics",
                "enabled": true,
                "retention_policy": [
                  {
                    "days": 0,
                    "enabled": true
                  }
                ]
              }
            ],
            "name": "diagnostic-settings",
            "partner_solution_id": null,
            "storage_account_id": null,
            "target_resource_id": "/subscriptions/82f6d75e-85f4-434a-ab74-5dddd9fa8910/resourceGroups/rg-spoke-mgt/providers/Microsoft.Network/virtualNetworks/vnet-spoke-mgt",
            "timeouts": null
          },
          "sensitive_attributes": [],
          "private": "eyJlMmJmYjczMC1lY2FhLTExZTYtOGY4OC0zNDM2M2JjN2M0YzAiOnsiY3JlYXRlIjoxODAwMDAwMDAwMDAwLCJkZWxldGUiOjM2MDAwMDAwMDAwMDAsInJlYWQiOjMwMDAwMDAwMDAwMCwidXBkYXRlIjoxODAwMDAwMDAwMDAwfX0=",
          "dependencies": [
            "azurerm_log_analytics_workspace.workspace",
            "azurerm_resource_group.rg_spoke_app",
            "data.azurerm_resources.vnet",
            "module.diagnostic_setting_vnet.data.azurerm_monitor_diagnostic_categories.categories"
          ]
        }
      ]
    }
  ],
  "check_results": null
}
