{
  "version": 4,
  "terraform_version": "1.3.1",
  "serial": 1256,
  "lineage": "35332572-01f8-b56e-11b9-cbfa7a912b2f",
  "outputs": {
    "aks_identity": {
      "value": "",
      "type": "string"
    },
    "aks_oidc_issuer_url": {
      "value": "https://westeurope.oic.prod-aks.azure.com/558506eb-9459-4ef3-b920-ad55c555e729/a473f2f6-25a9-42c5-93e0-00aa63f1e088/",
      "type": "string"
    },
    "aks_portal_fqdn": {
      "value": "38e846f03ccc07bd6af1348a20fb4e96-priv.portal.hcp.westeurope.azmk8s.io",
      "type": "string"
    },
    "aks_private_fqdn": {
      "value": "aks-81285b18.privatelink.westeurope.azmk8s.io",
      "type": "string"
    },
    "aks_public_fqdn": {
      "value": "",
      "type": "string"
    },
    "app_gateway_ip_address": {
      "value": "Application Gateway is disabled",
      "type": "string"
    },
    "client_certificate": {
      "value": "",
      "type": "string",
      "sensitive": true
    },
    "client_key": {
      "value": "",
      "type": "string",
      "sensitive": true
    },
    "cluster_ca_certificate": {
      "value": "LS0tLS1CRUdJTiBDRVJUSUZJQ0FURS0tLS0tCk1JSUU2RENDQXRDZ0F3SUJBZ0lRRlQzTERQK2xCNzZrU25yZUw4WEViekFOQmdrcWhraUc5dzBCQVFzRkFEQU4KTVFzd0NRWURWUVFERXdKallUQWdGdzB5TWpFd01UUXdPVEV3TXpCYUdBOHlNRFV5TVRBeE5EQTVNakF6TUZvdwpEVEVMTUFrR0ExVUVBeE1DWTJFd2dnSWlNQTBHQ1NxR1NJYjNEUUVCQVFVQUE0SUNEd0F3Z2dJS0FvSUNBUURyCmxEb1NtRHk4K3N5UURQTmRsbDkyUEkwZzBXYTNrbjhtdWJHRCtrQVVpMFlEQ2dtbTFjTHg5SEhxbGgzM09FTG0KMEpCY0lVQks4MGYrWUxxcDhpZHhEcDU4eUphS1FhdTFBUFZuMzYwaXgyZzlvL0RoMVdKM3ZoM1FYM2I5VHZ2cApEU1dxNG9YMUpKbW95NmxocHczOU10RmxoZ0luV0Faem9NWE02UHpWZHRHVGx1REVydjM0aWU0NS8rRjFJOExBCk1kSGVCcGwvRWV1QkJwYmQ5OXBpb3kvQm1uaTJHellTZGhDbWZFc2cxRUo5TUxEQUlDWDdqTHhJV0pjbHBRMkUKUStFTzE2eDVFcnI0Q2lEbXcyK3VSa28rOStyVjhTSlJidWNYMHZua0MzeE93SFZYUWVROVpJMERLcGZCZkN0WAovSEgrWHZVL1BxbjFCendkNDRzV2FYdG5FTm94SFBCeXpUWFNGRXc1U2hVNk9FTG1IZWg3UDcyTFEyRGdjZlM3CnlRV1ZhZzN1ejJyNElpT3dUS1UzSnRjOGsyNUNpcXIzR0RPTEI3YzNxVGhUbHljdmk0NkIvMUowbkV5bzhpYVMKWFJ5enNuVk5mSlNFTnRnNWFCdUw3SVA3L2JBakJRSVJMa2VkOTltMmwxRkFCQlh1YTBXSFRoSVQzWG1QU1Z1QwpuN3JwQmhZWmhZU3VIZjRsSDBneFFFNUE4ZDg2Tk9tNmpOY05oMWsycnpIY2h1VWRWSERTbjVTTGxQNVU2elhMCklVWGIrUzdVU1F0TVRWSjI1d0poQXFadUd2cG9UR083cnVmekg4ckF4RkNQYjZKcktaUGlaeUFqc2p2cmxiRGYKM3Y3QXlHd0NaYkh0eDFsZE5JQVYxY2w3N243bjVieGVIWUo2ZFVLYUtRSURBUUFCbzBJd1FEQU9CZ05WSFE4QgpBZjhFQkFNQ0FxUXdEd1lEVlIwVEFRSC9CQVV3QXdFQi96QWRCZ05WSFE0RUZnUVVWVkswWFVJSWpNc3p4dWxECkZBTW9SU3N0clV3d0RRWUpLb1pJaHZjTkFRRUxCUUFEZ2dJQkFLcGRSallRaFlDdk5IczNLd3RwNS9WWkdtZVAKNmJMK0E3dFA4d0VUakpzdlJyT0p1d1N2TTgzc0xNM0VBSVlNcDhoWjlMWFBmRGZITEhDTDBlVnJJOVczZXNUdApTdnVtRzJaMkxtRjhGeVJEQktoWHpjMVhWNFFlMEQ5QzdkTWxSbitoL2E2NnNLdkxuYyt6TjQxNWpjODFMMldrClpvaUNUUXd6RjRLaFhUS1JSSFdpdU91N29jQVcvaG1mTkNwbnhjUDQ3QUpNdFV0bnIvaGd1TVdMczN2RTRSOHQKMVJNZkxZS0t4ZUdPa0xBOWhIMXhpQU9zcDMrbTU2OE1VbnFZc3A2elVjaVFmNzhCTWNrWCtseHp6VWJhUEpxZgpxQmZJUlppY2dTMFBIMG83OFY5T210QjFJdU5wMzkwSEF1QUlGOVgzd2hvWGJiRktyRDRPMzNWMmJqN0hNblRJCis1NEFvNDBzdlhWVElwYUl6SzVBbUVGS1Z2a2FJN2t1WXFtYW9BMERaM2FqN3pEbFNvS2JCbytxc0FGbDB0QXQKMllpYWtjbGhZZWtxRFR1RmZvUU1VU2NNWDBzMkZ4NUJHZzZpZTl4UkVVNWxONWVJdXBVTGttQVZCREpPOVJDdQpPNWFQM0FHVFRuWFVPcEFIc0swYXNWTk1SdTVYUitGemhpRDFheHBJRWs3YWZqUVdpbmR5T3JrQmo5OUg2RnZsCkVBYitKbUFXWlA5eGNEK3IxVVM4R1U5akxFMXp2M2Z0eWFrM2ErdlhIRVlzYWErb3UxWEw4b2ZQd25pQVVDbVYKUG9Oc0t6cmZCcG9zaUlOWnlEd0Nma3NRSk5ZMUxSbGIxWUQ3QmFGaXN2cWQzdnF0aTNWNGpESWhGV2kza00vbAo3L1lDTGs1bGxtczNoeXZyCi0tLS0tRU5EIENFUlRJRklDQVRFLS0tLS0K",
      "type": "string",
      "sensitive": true
    },
    "cluster_password": {
      "value": "",
      "type": "string",
      "sensitive": true
    },
    "cluster_username": {
      "value": "clusterUser_rg-spoke-aks_aks-cluster",
      "type": "string",
      "sensitive": true
    },
    "host": {
      "value": "https://aks-81285b18.privatelink.westeurope.azmk8s.io:443",
      "type": "string",
      "sensitive": true
    },
    "kube_config": {
      "value": "apiVersion: v1\nclusters:\n- cluster:\n    certificate-authority-data: LS0tLS1CRUdJTiBDRVJUSUZJQ0FURS0tLS0tCk1JSUU2RENDQXRDZ0F3SUJBZ0lRRlQzTERQK2xCNzZrU25yZUw4WEViekFOQmdrcWhraUc5dzBCQVFzRkFEQU4KTVFzd0NRWURWUVFERXdKallUQWdGdzB5TWpFd01UUXdPVEV3TXpCYUdBOHlNRFV5TVRBeE5EQTVNakF6TUZvdwpEVEVMTUFrR0ExVUVBeE1DWTJFd2dnSWlNQTBHQ1NxR1NJYjNEUUVCQVFVQUE0SUNEd0F3Z2dJS0FvSUNBUURyCmxEb1NtRHk4K3N5UURQTmRsbDkyUEkwZzBXYTNrbjhtdWJHRCtrQVVpMFlEQ2dtbTFjTHg5SEhxbGgzM09FTG0KMEpCY0lVQks4MGYrWUxxcDhpZHhEcDU4eUphS1FhdTFBUFZuMzYwaXgyZzlvL0RoMVdKM3ZoM1FYM2I5VHZ2cApEU1dxNG9YMUpKbW95NmxocHczOU10RmxoZ0luV0Faem9NWE02UHpWZHRHVGx1REVydjM0aWU0NS8rRjFJOExBCk1kSGVCcGwvRWV1QkJwYmQ5OXBpb3kvQm1uaTJHellTZGhDbWZFc2cxRUo5TUxEQUlDWDdqTHhJV0pjbHBRMkUKUStFTzE2eDVFcnI0Q2lEbXcyK3VSa28rOStyVjhTSlJidWNYMHZua0MzeE93SFZYUWVROVpJMERLcGZCZkN0WAovSEgrWHZVL1BxbjFCendkNDRzV2FYdG5FTm94SFBCeXpUWFNGRXc1U2hVNk9FTG1IZWg3UDcyTFEyRGdjZlM3CnlRV1ZhZzN1ejJyNElpT3dUS1UzSnRjOGsyNUNpcXIzR0RPTEI3YzNxVGhUbHljdmk0NkIvMUowbkV5bzhpYVMKWFJ5enNuVk5mSlNFTnRnNWFCdUw3SVA3L2JBakJRSVJMa2VkOTltMmwxRkFCQlh1YTBXSFRoSVQzWG1QU1Z1QwpuN3JwQmhZWmhZU3VIZjRsSDBneFFFNUE4ZDg2Tk9tNmpOY05oMWsycnpIY2h1VWRWSERTbjVTTGxQNVU2elhMCklVWGIrUzdVU1F0TVRWSjI1d0poQXFadUd2cG9UR083cnVmekg4ckF4RkNQYjZKcktaUGlaeUFqc2p2cmxiRGYKM3Y3QXlHd0NaYkh0eDFsZE5JQVYxY2w3N243bjVieGVIWUo2ZFVLYUtRSURBUUFCbzBJd1FEQU9CZ05WSFE4QgpBZjhFQkFNQ0FxUXdEd1lEVlIwVEFRSC9CQVV3QXdFQi96QWRCZ05WSFE0RUZnUVVWVkswWFVJSWpNc3p4dWxECkZBTW9SU3N0clV3d0RRWUpLb1pJaHZjTkFRRUxCUUFEZ2dJQkFLcGRSallRaFlDdk5IczNLd3RwNS9WWkdtZVAKNmJMK0E3dFA4d0VUakpzdlJyT0p1d1N2TTgzc0xNM0VBSVlNcDhoWjlMWFBmRGZITEhDTDBlVnJJOVczZXNUdApTdnVtRzJaMkxtRjhGeVJEQktoWHpjMVhWNFFlMEQ5QzdkTWxSbitoL2E2NnNLdkxuYyt6TjQxNWpjODFMMldrClpvaUNUUXd6RjRLaFhUS1JSSFdpdU91N29jQVcvaG1mTkNwbnhjUDQ3QUpNdFV0bnIvaGd1TVdMczN2RTRSOHQKMVJNZkxZS0t4ZUdPa0xBOWhIMXhpQU9zcDMrbTU2OE1VbnFZc3A2elVjaVFmNzhCTWNrWCtseHp6VWJhUEpxZgpxQmZJUlppY2dTMFBIMG83OFY5T210QjFJdU5wMzkwSEF1QUlGOVgzd2hvWGJiRktyRDRPMzNWMmJqN0hNblRJCis1NEFvNDBzdlhWVElwYUl6SzVBbUVGS1Z2a2FJN2t1WXFtYW9BMERaM2FqN3pEbFNvS2JCbytxc0FGbDB0QXQKMllpYWtjbGhZZWtxRFR1RmZvUU1VU2NNWDBzMkZ4NUJHZzZpZTl4UkVVNWxONWVJdXBVTGttQVZCREpPOVJDdQpPNWFQM0FHVFRuWFVPcEFIc0swYXNWTk1SdTVYUitGemhpRDFheHBJRWs3YWZqUVdpbmR5T3JrQmo5OUg2RnZsCkVBYitKbUFXWlA5eGNEK3IxVVM4R1U5akxFMXp2M2Z0eWFrM2ErdlhIRVlzYWErb3UxWEw4b2ZQd25pQVVDbVYKUG9Oc0t6cmZCcG9zaUlOWnlEd0Nma3NRSk5ZMUxSbGIxWUQ3QmFGaXN2cWQzdnF0aTNWNGpESWhGV2kza00vbAo3L1lDTGs1bGxtczNoeXZyCi0tLS0tRU5EIENFUlRJRklDQVRFLS0tLS0K\n    server: https://aks-81285b18.privatelink.westeurope.azmk8s.io:443\n  name: aks-cluster\ncontexts:\n- context:\n    cluster: aks-cluster\n    user: clusterUser_rg-spoke-aks_aks-cluster\n  name: aks-cluster\ncurrent-context: aks-cluster\nkind: Config\npreferences: {}\nusers:\n- name: clusterUser_rg-spoke-aks_aks-cluster\n  user:\n    exec:\n      apiVersion: client.authentication.k8s.io/v1beta1\n      args:\n      - get-token\n      - --environment\n      - AzurePublicCloud\n      - --server-id\n      - 6dae42f8-4368-4678-94ff-3960e28e3630\n      - --client-id\n      - 80faf920-1908-4b52-b5ef-a8e7bedfc67a\n      - --tenant-id\n      - 558506eb-9459-4ef3-b920-ad55c555e729\n      - --login\n      - devicecode\n      command: kubelogin\n      env: null\n      provideClusterInfo: false\n",
      "type": "string",
      "sensitive": true
    },
    "nat_gateway_ip_address": {
      "value": "20.13.124.61",
      "type": "string"
    },
    "private_dns_zone_aks_id": {
      "value": "/subscriptions/59d574d4-1c03-4092-ab22-312ed594eec9/resourceGroups/rg-spoke-aks/providers/Microsoft.Network/privateDnsZones/privatelink.westeurope.azmk8s.io",
      "type": "string"
    },
    "private_dns_zone_aks_name": {
      "value": "privatelink.westeurope.azmk8s.io",
      "type": "string"
    },
    "rg_aks": {
      "value": "rg-spoke-aks",
      "type": "string"
    },
    "rg_aks_nodes": {
      "value": "rg-spoke-aks-managed",
      "type": "string"
    }
  },
  "resources": [
    {
      "mode": "data",
      "type": "azuread_client_config",
      "name": "current",
      "provider": "provider[\"registry.terraform.io/hashicorp/azuread\"]",
      "instances": [
        {
          "schema_version": 0,
          "attributes": {
            "client_id": "04b07795-8ddb-461a-bbee-02f9e1bf7b46",
            "id": "558506eb-9459-4ef3-b920-ad55c555e729-04b07795-8ddb-461a-bbee-02f9e1bf7b46-f97fc9ba-ebda-439e-825a-0e25801cb32c",
            "object_id": "f97fc9ba-ebda-439e-825a-0e25801cb32c",
            "tenant_id": "558506eb-9459-4ef3-b920-ad55c555e729",
            "timeouts": null
          },
          "sensitive_attributes": []
        }
      ]
    },
    {
      "mode": "data",
      "type": "azuread_service_principal",
      "name": "aks_aad_server",
      "provider": "provider[\"registry.terraform.io/hashicorp/azuread\"]",
      "instances": [
        {
          "schema_version": 0,
          "attributes": {
            "account_enabled": true,
            "alternative_names": [],
            "app_role_assignment_required": false,
            "app_role_ids": {},
            "app_roles": [],
            "application_id": "6dae42f8-4368-4678-94ff-3960e28e3630",
            "application_tenant_id": "f8cdef31-a31e-4b4a-93e4-5f571e91255a",
            "description": "",
            "display_name": "Azure Kubernetes Service AAD Server",
            "feature_tags": [
              {
                "custom_single_sign_on": false,
                "enterprise": false,
                "gallery": false,
                "hide": false
              }
            ],
            "features": [
              {
                "custom_single_sign_on_app": false,
                "enterprise_application": false,
                "gallery_application": false,
                "visible_to_users": true
              }
            ],
            "homepage_url": "",
            "id": "5dc776ad-9525-4afd-ad24-334e21ad710e",
            "login_url": "",
            "logout_url": "",
            "notes": "",
            "notification_email_addresses": [],
            "oauth2_permission_scope_ids": {
              "user.read": "34a47c2f-cd0d-47b4-a93c-2c41130c671c"
            },
            "oauth2_permission_scopes": [
              {
                "admin_consent_description": "this allows to read user profile",
                "admin_consent_display_name": "user.read",
                "enabled": true,
                "id": "34a47c2f-cd0d-47b4-a93c-2c41130c671c",
                "type": "User",
                "user_consent_description": "this allows to read user profile",
                "user_consent_display_name": "user.read",
                "value": "user.read"
              }
            ],
            "object_id": "5dc776ad-9525-4afd-ad24-334e21ad710e",
            "preferred_single_sign_on_mode": "",
            "redirect_uris": [],
            "saml_metadata_url": "",
            "saml_single_sign_on": [],
            "service_principal_names": [
              "https://aks-aad-server.azure.com"
            ],
            "sign_in_audience": "AzureADMultipleOrgs",
            "tags": [],
            "timeouts": null,
            "type": "Application"
          },
          "sensitive_attributes": []
        }
      ]
    },
    {
      "mode": "data",
      "type": "azurerm_client_config",
      "name": "current",
      "provider": "provider[\"registry.terraform.io/hashicorp/azurerm\"]",
      "instances": [
        {
          "schema_version": 0,
          "attributes": {
            "client_id": "04b07795-8ddb-461a-bbee-02f9e1bf7b46",
            "id": "Y2xpZW50Q29uZmlncy9jbGllbnRJZD0wNGIwNzc5NS04ZGRiLTQ2MWEtYmJlZS0wMmY5ZTFiZjdiNDY7b2JqZWN0SWQ9Zjk3ZmM5YmEtZWJkYS00MzllLTgyNWEtMGUyNTgwMWNiMzJjO3N1YnNjcmlwdGlvbklkPTU5ZDU3NGQ0LTFjMDMtNDA5Mi1hYjIyLTMxMmVkNTk0ZWVjOTt0ZW5hbnRJZD01NTg1MDZlYi05NDU5LTRlZjMtYjkyMC1hZDU1YzU1NWU3Mjk=",
            "object_id": "f97fc9ba-ebda-439e-825a-0e25801cb32c",
            "subscription_id": "59d574d4-1c03-4092-ab22-312ed594eec9",
            "tenant_id": "558506eb-9459-4ef3-b920-ad55c555e729",
            "timeouts": null
          },
          "sensitive_attributes": []
        }
      ]
    },
    {
      "mode": "data",
      "type": "azurerm_kubernetes_service_versions",
      "name": "current",
      "provider": "provider[\"registry.terraform.io/hashicorp/azurerm\"]",
      "instances": [
        {
          "schema_version": 0,
          "attributes": {
            "id": "/subscriptions/59d574d4-1c03-4092-ab22-312ed594eec9/providers/Microsoft.ContainerService/locations/westeurope/orchestrators",
            "include_preview": true,
            "latest_version": "1.24.6",
            "location": "westeurope",
            "timeouts": null,
            "version_prefix": null,
            "versions": [
              "1.22.11",
              "1.22.15",
              "1.23.8",
              "1.23.12",
              "1.24.3",
              "1.24.6"
            ]
          },
          "sensitive_attributes": []
        }
      ]
    },
    {
      "mode": "data",
      "type": "azurerm_subscription",
      "name": "current",
      "provider": "provider[\"registry.terraform.io/hashicorp/azurerm\"]",
      "instances": [
        {
          "schema_version": 0,
          "attributes": {
            "display_name": "Microsoft-Azure-6",
            "id": "/subscriptions/59d574d4-1c03-4092-ab22-312ed594eec9",
            "location_placement_id": "Public_2014-09-01",
            "quota_id": "MSDN_2014-09-01",
            "spending_limit": "On",
            "state": "Enabled",
            "subscription_id": "59d574d4-1c03-4092-ab22-312ed594eec9",
            "tags": {},
            "tenant_id": "558506eb-9459-4ef3-b920-ad55c555e729",
            "timeouts": null
          },
          "sensitive_attributes": []
        }
      ]
    },
    {
      "mode": "managed",
      "type": "azuread_group",
      "name": "aks_admins",
      "provider": "provider[\"registry.terraform.io/hashicorp/azuread\"]",
      "instances": [
        {
          "index_key": 0,
          "schema_version": 0,
          "attributes": {
            "assignable_to_role": false,
            "auto_subscribe_new_members": false,
            "behaviors": [],
            "description": "",
            "display_name": "group_aks_admins",
            "dynamic_membership": [],
            "external_senders_allowed": false,
            "hide_from_address_lists": false,
            "hide_from_outlook_clients": false,
            "id": "8add829e-be3e-42cb-9c66-655dffcdcc24",
            "mail": "",
            "mail_enabled": false,
            "mail_nickname": "c49fb706-6",
            "members": [
              "f97fc9ba-ebda-439e-825a-0e25801cb32c"
            ],
            "object_id": "8add829e-be3e-42cb-9c66-655dffcdcc24",
            "onpremises_domain_name": "",
            "onpremises_netbios_name": "",
            "onpremises_sam_account_name": "",
            "onpremises_security_identifier": "",
            "onpremises_sync_enabled": false,
            "owners": [
              "f97fc9ba-ebda-439e-825a-0e25801cb32c"
            ],
            "preferred_language": "",
            "prevent_duplicate_names": false,
            "provisioning_options": [],
            "proxy_addresses": [],
            "security_enabled": true,
            "theme": "",
            "timeouts": null,
            "types": [],
            "visibility": ""
          },
          "sensitive_attributes": [],
          "private": "eyJlMmJmYjczMC1lY2FhLTExZTYtOGY4OC0zNDM2M2JjN2M0YzAiOnsiY3JlYXRlIjoxMjAwMDAwMDAwMDAwLCJkZWxldGUiOjMwMDAwMDAwMDAwMCwicmVhZCI6MzAwMDAwMDAwMDAwLCJ1cGRhdGUiOjEyMDAwMDAwMDAwMDB9fQ==",
          "dependencies": [
            "data.azuread_client_config.current"
          ]
        }
      ]
    },
    {
      "mode": "managed",
      "type": "azurerm_bastion_host",
      "name": "bastion_host",
      "provider": "provider[\"registry.terraform.io/hashicorp/azurerm\"]",
      "instances": [
        {
          "index_key": 0,
          "schema_version": 0,
          "attributes": {
            "copy_paste_enabled": true,
            "dns_name": "bst-90bf0bcd-233a-4dd1-9bad-9c8050c8dd87.bastion.azure.com",
            "file_copy_enabled": true,
            "id": "/subscriptions/59d574d4-1c03-4092-ab22-312ed594eec9/resourceGroups/rg-spoke-mgt/providers/Microsoft.Network/bastionHosts/bastion_host",
            "ip_configuration": [
              {
                "name": "configuration",
                "public_ip_address_id": "/subscriptions/59d574d4-1c03-4092-ab22-312ed594eec9/resourceGroups/rg-spoke-mgt/providers/Microsoft.Network/publicIPAddresses/public_ip_bastion",
                "subnet_id": "/subscriptions/59d574d4-1c03-4092-ab22-312ed594eec9/resourceGroups/rg-spoke-mgt/providers/Microsoft.Network/virtualNetworks/vnet-spoke-mgt1/subnets/AzureBastionSubnet"
              }
            ],
            "ip_connect_enabled": false,
            "location": "westeurope",
            "name": "bastion_host",
            "resource_group_name": "rg-spoke-mgt",
            "scale_units": 2,
            "shareable_link_enabled": true,
            "sku": "Standard",
            "tags": {
              "environment": "development",
              "source": "terraform"
            },
            "timeouts": null,
            "tunneling_enabled": false
          },
          "sensitive_attributes": [],
          "private": "eyJlMmJmYjczMC1lY2FhLTExZTYtOGY4OC0zNDM2M2JjN2M0YzAiOnsiY3JlYXRlIjoxODAwMDAwMDAwMDAwLCJkZWxldGUiOjE4MDAwMDAwMDAwMDAsInJlYWQiOjMwMDAwMDAwMDAwMCwidXBkYXRlIjoxODAwMDAwMDAwMDAwfX0=",
          "dependencies": [
            "azurerm_firewall.firewall",
            "azurerm_public_ip.public_ip_bastion",
            "azurerm_public_ip.public_ip_firewall",
            "azurerm_resource_group.rg_hub",
            "azurerm_resource_group.rg_spoke_mgt",
            "azurerm_subnet.subnet_bastion",
            "azurerm_subnet.subnet_firewall",
            "azurerm_virtual_network.vnet_hub",
            "azurerm_virtual_network.vnet_spoke_mgt"
          ]
        }
      ]
    },
    {
      "mode": "managed",
      "type": "azurerm_container_registry",
      "name": "acr",
      "provider": "provider[\"registry.terraform.io/hashicorp/azurerm\"]",
      "instances": [
        {
          "schema_version": 2,
          "attributes": {
            "admin_enabled": false,
            "admin_password": "",
            "admin_username": "",
            "anonymous_pull_enabled": false,
            "data_endpoint_enabled": false,
            "encryption": [
              {
                "enabled": false,
                "identity_client_id": "",
                "key_vault_key_id": ""
              }
            ],
            "export_policy_enabled": true,
            "georeplications": [],
            "id": "/subscriptions/59d574d4-1c03-4092-ab22-312ed594eec9/resourceGroups/rg-spoke-app/providers/Microsoft.ContainerRegistry/registries/acrforakstf0111",
            "identity": [],
            "location": "westeurope",
            "login_server": "acrforakstf0111.azurecr.io",
            "name": "acrforakstf0111",
            "network_rule_bypass_option": "AzureServices",
            "network_rule_set": [
              {
                "default_action": "Allow",
                "ip_rule": [],
                "virtual_network": []
              }
            ],
            "public_network_access_enabled": true,
            "quarantine_policy_enabled": false,
            "resource_group_name": "rg-spoke-app",
            "retention_policy": [
              {
                "days": 7,
                "enabled": false
              }
            ],
            "sku": "Premium",
            "tags": {
              "environment": "development",
              "source": "terraform"
            },
            "timeouts": null,
            "trust_policy": [
              {
                "enabled": false
              }
            ],
            "zone_redundancy_enabled": false
          },
          "sensitive_attributes": [],
          "private": "eyJlMmJmYjczMC1lY2FhLTExZTYtOGY4OC0zNDM2M2JjN2M0YzAiOnsiY3JlYXRlIjoxODAwMDAwMDAwMDAwLCJkZWxldGUiOjE4MDAwMDAwMDAwMDAsInJlYWQiOjMwMDAwMDAwMDAwMCwidXBkYXRlIjoxODAwMDAwMDAwMDAwfSwic2NoZW1hX3ZlcnNpb24iOiIyIn0=",
          "dependencies": [
            "azurerm_resource_group.rg_spoke"
          ]
        }
      ]
    },
    {
      "mode": "managed",
      "type": "azurerm_firewall",
      "name": "firewall",
      "provider": "provider[\"registry.terraform.io/hashicorp/azurerm\"].subscription_hub",
      "instances": [
        {
          "index_key": 0,
          "schema_version": 0,
          "attributes": {
            "dns_servers": [
              "168.63.129.16"
            ],
            "firewall_policy_id": null,
            "id": "/subscriptions/59d574d4-1c03-4092-ab22-312ed594eec9/resourceGroups/rg-hub/providers/Microsoft.Network/azureFirewalls/firewall-hub",
            "ip_configuration": [
              {
                "name": "configuration",
                "private_ip_address": "172.16.0.4",
                "public_ip_address_id": "/subscriptions/59d574d4-1c03-4092-ab22-312ed594eec9/resourceGroups/rg-hub/providers/Microsoft.Network/publicIPAddresses/public-ip-firewall",
                "subnet_id": "/subscriptions/59d574d4-1c03-4092-ab22-312ed594eec9/resourceGroups/rg-hub/providers/Microsoft.Network/virtualNetworks/vnet-hub/subnets/AzureFirewallSubnet"
              }
            ],
            "location": "westeurope",
            "management_ip_configuration": [],
            "name": "firewall-hub",
            "private_ip_ranges": [],
            "resource_group_name": "rg-hub",
            "sku_name": "AZFW_VNet",
            "sku_tier": "Standard",
            "tags": {},
            "threat_intel_mode": "Alert",
            "timeouts": null,
            "virtual_hub": [],
            "zones": []
          },
          "sensitive_attributes": [],
          "private": "eyJlMmJmYjczMC1lY2FhLTExZTYtOGY4OC0zNDM2M2JjN2M0YzAiOnsiY3JlYXRlIjo1NDAwMDAwMDAwMDAwLCJkZWxldGUiOjU0MDAwMDAwMDAwMDAsInJlYWQiOjMwMDAwMDAwMDAwMCwidXBkYXRlIjo1NDAwMDAwMDAwMDAwfX0=",
          "dependencies": [
            "azurerm_public_ip.public_ip_firewall",
            "azurerm_resource_group.rg_hub",
            "azurerm_subnet.subnet_firewall",
            "azurerm_virtual_network.vnet_hub"
          ]
        }
      ]
    },
    {
      "mode": "managed",
      "type": "azurerm_kubernetes_cluster",
      "name": "aks",
      "provider": "provider[\"registry.terraform.io/hashicorp/azurerm\"]",
      "instances": [
        {
          "schema_version": 2,
          "attributes": {
            "aci_connector_linux": [],
            "api_server_authorized_ip_ranges": [],
            "auto_scaler_profile": [
              {
                "balance_similar_node_groups": false,
                "empty_bulk_delete_max": "10",
                "expander": "random",
                "max_graceful_termination_sec": "600",
                "max_node_provisioning_time": "15m",
                "max_unready_nodes": 3,
                "max_unready_percentage": 45,
                "new_pod_scale_up_delay": "0s",
                "scale_down_delay_after_add": "10m",
                "scale_down_delay_after_delete": "10s",
                "scale_down_delay_after_failure": "3m",
                "scale_down_unneeded": "10m",
                "scale_down_unready": "20m",
                "scale_down_utilization_threshold": "0.5",
                "scan_interval": "10s",
                "skip_nodes_with_local_storage": false,
                "skip_nodes_with_system_pods": true
              }
            ],
            "automatic_channel_upgrade": "node-image",
            "azure_active_directory_role_based_access_control": [
              {
                "admin_group_object_ids": [
                  "8add829e-be3e-42cb-9c66-655dffcdcc24"
                ],
                "azure_rbac_enabled": true,
                "client_app_id": "",
                "managed": true,
                "server_app_id": "",
                "server_app_secret": "",
                "tenant_id": "558506eb-9459-4ef3-b920-ad55c555e729"
              }
            ],
            "azure_policy_enabled": true,
            "default_node_pool": [
              {
                "capacity_reservation_group_id": "",
                "enable_auto_scaling": true,
                "enable_host_encryption": false,
                "enable_node_public_ip": false,
                "fips_enabled": false,
                "host_group_id": "",
                "kubelet_config": [],
                "kubelet_disk_type": "OS",
                "linux_os_config": [],
                "max_count": 2,
                "max_pods": 110,
                "message_of_the_day": "Hello from Azure AKS cluster!",
                "min_count": 1,
                "name": "poolsystem",
                "node_count": 2,
                "node_labels": {},
                "node_public_ip_prefix_id": "",
                "node_taints": [],
                "only_critical_addons_enabled": true,
                "orchestrator_version": "",
                "os_disk_size_gb": 40,
                "os_disk_type": "Ephemeral",
                "os_sku": "Ubuntu",
                "pod_subnet_id": "/subscriptions/59d574d4-1c03-4092-ab22-312ed594eec9/resourceGroups/rg-spoke-app/providers/Microsoft.Network/virtualNetworks/vnet-spoke/subnets/subnet-aks-pods",
                "proximity_placement_group_id": "",
                "scale_down_mode": "Delete",
                "tags": {
                  "environment": "development",
                  "source": "terraform"
                },
                "type": "VirtualMachineScaleSets",
                "ultra_ssd_enabled": false,
                "upgrade_settings": [],
                "vm_size": "Standard_D2ds_v5",
                "vnet_subnet_id": "/subscriptions/59d574d4-1c03-4092-ab22-312ed594eec9/resourceGroups/rg-spoke-app/providers/Microsoft.Network/virtualNetworks/vnet-spoke/subnets/subnet-aks-nodes",
                "workload_runtime": "OCIContainer",
                "zones": [
                  "1",
                  "2",
                  "3"
                ]
              }
            ],
            "disk_encryption_set_id": "",
            "dns_prefix": "aks",
            "dns_prefix_private_cluster": "",
            "edge_zone": "",
            "enable_pod_security_policy": false,
            "fqdn": "",
            "http_application_routing_enabled": false,
            "http_application_routing_zone_name": "",
            "http_proxy_config": [],
            "id": "/subscriptions/59d574d4-1c03-4092-ab22-312ed594eec9/resourceGroups/rg-spoke-aks/providers/Microsoft.ContainerService/managedClusters/aks-cluster",
            "identity": [
              {
                "identity_ids": [
                  "/subscriptions/59d574d4-1c03-4092-ab22-312ed594eec9/resourceGroups/rg-spoke-aks/providers/Microsoft.ManagedIdentity/userAssignedIdentities/identity_aks"
                ],
                "principal_id": "",
                "tenant_id": "",
                "type": "UserAssigned"
              }
            ],
            "ingress_application_gateway": [],
            "key_vault_secrets_provider": [
              {
                "secret_identity": [
                  {
                    "client_id": "ebc542e9-bd71-4d2d-8b01-1020f646816e",
                    "object_id": "c560021f-ef3a-481a-8d81-aa58bee042f6",
                    "user_assigned_identity_id": "/subscriptions/59d574d4-1c03-4092-ab22-312ed594eec9/resourcegroups/rg-spoke-aks-managed/providers/Microsoft.ManagedIdentity/userAssignedIdentities/azurekeyvaultsecretsprovider-aks-cluster"
                  }
                ],
                "secret_rotation_enabled": true,
                "secret_rotation_interval": "2m"
              }
            ],
            "kube_admin_config": [],
            "kube_admin_config_raw": "",
            "kube_config": [
              {
                "client_certificate": "",
                "client_key": "",
                "cluster_ca_certificate": "LS0tLS1CRUdJTiBDRVJUSUZJQ0FURS0tLS0tCk1JSUU2RENDQXRDZ0F3SUJBZ0lRRlQzTERQK2xCNzZrU25yZUw4WEViekFOQmdrcWhraUc5dzBCQVFzRkFEQU4KTVFzd0NRWURWUVFERXdKallUQWdGdzB5TWpFd01UUXdPVEV3TXpCYUdBOHlNRFV5TVRBeE5EQTVNakF6TUZvdwpEVEVMTUFrR0ExVUVBeE1DWTJFd2dnSWlNQTBHQ1NxR1NJYjNEUUVCQVFVQUE0SUNEd0F3Z2dJS0FvSUNBUURyCmxEb1NtRHk4K3N5UURQTmRsbDkyUEkwZzBXYTNrbjhtdWJHRCtrQVVpMFlEQ2dtbTFjTHg5SEhxbGgzM09FTG0KMEpCY0lVQks4MGYrWUxxcDhpZHhEcDU4eUphS1FhdTFBUFZuMzYwaXgyZzlvL0RoMVdKM3ZoM1FYM2I5VHZ2cApEU1dxNG9YMUpKbW95NmxocHczOU10RmxoZ0luV0Faem9NWE02UHpWZHRHVGx1REVydjM0aWU0NS8rRjFJOExBCk1kSGVCcGwvRWV1QkJwYmQ5OXBpb3kvQm1uaTJHellTZGhDbWZFc2cxRUo5TUxEQUlDWDdqTHhJV0pjbHBRMkUKUStFTzE2eDVFcnI0Q2lEbXcyK3VSa28rOStyVjhTSlJidWNYMHZua0MzeE93SFZYUWVROVpJMERLcGZCZkN0WAovSEgrWHZVL1BxbjFCendkNDRzV2FYdG5FTm94SFBCeXpUWFNGRXc1U2hVNk9FTG1IZWg3UDcyTFEyRGdjZlM3CnlRV1ZhZzN1ejJyNElpT3dUS1UzSnRjOGsyNUNpcXIzR0RPTEI3YzNxVGhUbHljdmk0NkIvMUowbkV5bzhpYVMKWFJ5enNuVk5mSlNFTnRnNWFCdUw3SVA3L2JBakJRSVJMa2VkOTltMmwxRkFCQlh1YTBXSFRoSVQzWG1QU1Z1QwpuN3JwQmhZWmhZU3VIZjRsSDBneFFFNUE4ZDg2Tk9tNmpOY05oMWsycnpIY2h1VWRWSERTbjVTTGxQNVU2elhMCklVWGIrUzdVU1F0TVRWSjI1d0poQXFadUd2cG9UR083cnVmekg4ckF4RkNQYjZKcktaUGlaeUFqc2p2cmxiRGYKM3Y3QXlHd0NaYkh0eDFsZE5JQVYxY2w3N243bjVieGVIWUo2ZFVLYUtRSURBUUFCbzBJd1FEQU9CZ05WSFE4QgpBZjhFQkFNQ0FxUXdEd1lEVlIwVEFRSC9CQVV3QXdFQi96QWRCZ05WSFE0RUZnUVVWVkswWFVJSWpNc3p4dWxECkZBTW9SU3N0clV3d0RRWUpLb1pJaHZjTkFRRUxCUUFEZ2dJQkFLcGRSallRaFlDdk5IczNLd3RwNS9WWkdtZVAKNmJMK0E3dFA4d0VUakpzdlJyT0p1d1N2TTgzc0xNM0VBSVlNcDhoWjlMWFBmRGZITEhDTDBlVnJJOVczZXNUdApTdnVtRzJaMkxtRjhGeVJEQktoWHpjMVhWNFFlMEQ5QzdkTWxSbitoL2E2NnNLdkxuYyt6TjQxNWpjODFMMldrClpvaUNUUXd6RjRLaFhUS1JSSFdpdU91N29jQVcvaG1mTkNwbnhjUDQ3QUpNdFV0bnIvaGd1TVdMczN2RTRSOHQKMVJNZkxZS0t4ZUdPa0xBOWhIMXhpQU9zcDMrbTU2OE1VbnFZc3A2elVjaVFmNzhCTWNrWCtseHp6VWJhUEpxZgpxQmZJUlppY2dTMFBIMG83OFY5T210QjFJdU5wMzkwSEF1QUlGOVgzd2hvWGJiRktyRDRPMzNWMmJqN0hNblRJCis1NEFvNDBzdlhWVElwYUl6SzVBbUVGS1Z2a2FJN2t1WXFtYW9BMERaM2FqN3pEbFNvS2JCbytxc0FGbDB0QXQKMllpYWtjbGhZZWtxRFR1RmZvUU1VU2NNWDBzMkZ4NUJHZzZpZTl4UkVVNWxONWVJdXBVTGttQVZCREpPOVJDdQpPNWFQM0FHVFRuWFVPcEFIc0swYXNWTk1SdTVYUitGemhpRDFheHBJRWs3YWZqUVdpbmR5T3JrQmo5OUg2RnZsCkVBYitKbUFXWlA5eGNEK3IxVVM4R1U5akxFMXp2M2Z0eWFrM2ErdlhIRVlzYWErb3UxWEw4b2ZQd25pQVVDbVYKUG9Oc0t6cmZCcG9zaUlOWnlEd0Nma3NRSk5ZMUxSbGIxWUQ3QmFGaXN2cWQzdnF0aTNWNGpESWhGV2kza00vbAo3L1lDTGs1bGxtczNoeXZyCi0tLS0tRU5EIENFUlRJRklDQVRFLS0tLS0K",
                "host": "https://aks-81285b18.privatelink.westeurope.azmk8s.io:443",
                "password": "",
                "username": "clusterUser_rg-spoke-aks_aks-cluster"
              }
            ],
            "kube_config_raw": "apiVersion: v1\nclusters:\n- cluster:\n    certificate-authority-data: LS0tLS1CRUdJTiBDRVJUSUZJQ0FURS0tLS0tCk1JSUU2RENDQXRDZ0F3SUJBZ0lRRlQzTERQK2xCNzZrU25yZUw4WEViekFOQmdrcWhraUc5dzBCQVFzRkFEQU4KTVFzd0NRWURWUVFERXdKallUQWdGdzB5TWpFd01UUXdPVEV3TXpCYUdBOHlNRFV5TVRBeE5EQTVNakF6TUZvdwpEVEVMTUFrR0ExVUVBeE1DWTJFd2dnSWlNQTBHQ1NxR1NJYjNEUUVCQVFVQUE0SUNEd0F3Z2dJS0FvSUNBUURyCmxEb1NtRHk4K3N5UURQTmRsbDkyUEkwZzBXYTNrbjhtdWJHRCtrQVVpMFlEQ2dtbTFjTHg5SEhxbGgzM09FTG0KMEpCY0lVQks4MGYrWUxxcDhpZHhEcDU4eUphS1FhdTFBUFZuMzYwaXgyZzlvL0RoMVdKM3ZoM1FYM2I5VHZ2cApEU1dxNG9YMUpKbW95NmxocHczOU10RmxoZ0luV0Faem9NWE02UHpWZHRHVGx1REVydjM0aWU0NS8rRjFJOExBCk1kSGVCcGwvRWV1QkJwYmQ5OXBpb3kvQm1uaTJHellTZGhDbWZFc2cxRUo5TUxEQUlDWDdqTHhJV0pjbHBRMkUKUStFTzE2eDVFcnI0Q2lEbXcyK3VSa28rOStyVjhTSlJidWNYMHZua0MzeE93SFZYUWVROVpJMERLcGZCZkN0WAovSEgrWHZVL1BxbjFCendkNDRzV2FYdG5FTm94SFBCeXpUWFNGRXc1U2hVNk9FTG1IZWg3UDcyTFEyRGdjZlM3CnlRV1ZhZzN1ejJyNElpT3dUS1UzSnRjOGsyNUNpcXIzR0RPTEI3YzNxVGhUbHljdmk0NkIvMUowbkV5bzhpYVMKWFJ5enNuVk5mSlNFTnRnNWFCdUw3SVA3L2JBakJRSVJMa2VkOTltMmwxRkFCQlh1YTBXSFRoSVQzWG1QU1Z1QwpuN3JwQmhZWmhZU3VIZjRsSDBneFFFNUE4ZDg2Tk9tNmpOY05oMWsycnpIY2h1VWRWSERTbjVTTGxQNVU2elhMCklVWGIrUzdVU1F0TVRWSjI1d0poQXFadUd2cG9UR083cnVmekg4ckF4RkNQYjZKcktaUGlaeUFqc2p2cmxiRGYKM3Y3QXlHd0NaYkh0eDFsZE5JQVYxY2w3N243bjVieGVIWUo2ZFVLYUtRSURBUUFCbzBJd1FEQU9CZ05WSFE4QgpBZjhFQkFNQ0FxUXdEd1lEVlIwVEFRSC9CQVV3QXdFQi96QWRCZ05WSFE0RUZnUVVWVkswWFVJSWpNc3p4dWxECkZBTW9SU3N0clV3d0RRWUpLb1pJaHZjTkFRRUxCUUFEZ2dJQkFLcGRSallRaFlDdk5IczNLd3RwNS9WWkdtZVAKNmJMK0E3dFA4d0VUakpzdlJyT0p1d1N2TTgzc0xNM0VBSVlNcDhoWjlMWFBmRGZITEhDTDBlVnJJOVczZXNUdApTdnVtRzJaMkxtRjhGeVJEQktoWHpjMVhWNFFlMEQ5QzdkTWxSbitoL2E2NnNLdkxuYyt6TjQxNWpjODFMMldrClpvaUNUUXd6RjRLaFhUS1JSSFdpdU91N29jQVcvaG1mTkNwbnhjUDQ3QUpNdFV0bnIvaGd1TVdMczN2RTRSOHQKMVJNZkxZS0t4ZUdPa0xBOWhIMXhpQU9zcDMrbTU2OE1VbnFZc3A2elVjaVFmNzhCTWNrWCtseHp6VWJhUEpxZgpxQmZJUlppY2dTMFBIMG83OFY5T210QjFJdU5wMzkwSEF1QUlGOVgzd2hvWGJiRktyRDRPMzNWMmJqN0hNblRJCis1NEFvNDBzdlhWVElwYUl6SzVBbUVGS1Z2a2FJN2t1WXFtYW9BMERaM2FqN3pEbFNvS2JCbytxc0FGbDB0QXQKMllpYWtjbGhZZWtxRFR1RmZvUU1VU2NNWDBzMkZ4NUJHZzZpZTl4UkVVNWxONWVJdXBVTGttQVZCREpPOVJDdQpPNWFQM0FHVFRuWFVPcEFIc0swYXNWTk1SdTVYUitGemhpRDFheHBJRWs3YWZqUVdpbmR5T3JrQmo5OUg2RnZsCkVBYitKbUFXWlA5eGNEK3IxVVM4R1U5akxFMXp2M2Z0eWFrM2ErdlhIRVlzYWErb3UxWEw4b2ZQd25pQVVDbVYKUG9Oc0t6cmZCcG9zaUlOWnlEd0Nma3NRSk5ZMUxSbGIxWUQ3QmFGaXN2cWQzdnF0aTNWNGpESWhGV2kza00vbAo3L1lDTGs1bGxtczNoeXZyCi0tLS0tRU5EIENFUlRJRklDQVRFLS0tLS0K\n    server: https://aks-81285b18.privatelink.westeurope.azmk8s.io:443\n  name: aks-cluster\ncontexts:\n- context:\n    cluster: aks-cluster\n    user: clusterUser_rg-spoke-aks_aks-cluster\n  name: aks-cluster\ncurrent-context: aks-cluster\nkind: Config\npreferences: {}\nusers:\n- name: clusterUser_rg-spoke-aks_aks-cluster\n  user:\n    exec:\n      apiVersion: client.authentication.k8s.io/v1beta1\n      args:\n      - get-token\n      - --environment\n      - AzurePublicCloud\n      - --server-id\n      - 6dae42f8-4368-4678-94ff-3960e28e3630\n      - --client-id\n      - 80faf920-1908-4b52-b5ef-a8e7bedfc67a\n      - --tenant-id\n      - 558506eb-9459-4ef3-b920-ad55c555e729\n      - --login\n      - devicecode\n      command: kubelogin\n      env: null\n      provideClusterInfo: false\n",
            "kubelet_identity": [
              {
                "client_id": "07767af2-08e2-4851-a7ca-7811e018f8cd",
                "object_id": "8e39eaf0-328c-4228-8ed0-3b212a76b03f",
                "user_assigned_identity_id": "/subscriptions/59d574d4-1c03-4092-ab22-312ed594eec9/resourceGroups/rg-spoke-aks/providers/Microsoft.ManagedIdentity/userAssignedIdentities/aks-cluster-agentpool"
              }
            ],
            "kubernetes_version": "1.24.6",
            "linux_profile": [],
            "local_account_disabled": true,
            "location": "westeurope",
            "maintenance_window": [
              {
                "allowed": [
                  {
                    "day": "Saturday",
                    "hours": [
                      2,
                      8
                    ]
                  }
                ],
                "not_allowed": []
              }
            ],
            "microsoft_defender": [],
            "name": "aks-cluster",
            "network_profile": [
              {
                "dns_service_ip": "10.0.0.10",
                "docker_bridge_cidr": "172.17.0.1/16",
                "ip_versions": [
                  "IPv4"
                ],
                "load_balancer_profile": [
                  {
                    "effective_outbound_ips": [],
                    "idle_timeout_in_minutes": 0,
                    "managed_outbound_ip_count": 0,
                    "managed_outbound_ipv6_count": 0,
                    "outbound_ip_address_ids": [],
                    "outbound_ip_prefix_ids": [],
                    "outbound_ports_allocated": 0
                  }
                ],
                "load_balancer_sku": "standard",
                "nat_gateway_profile": [
                  {
                    "effective_outbound_ips": [],
                    "idle_timeout_in_minutes": 4,
                    "managed_outbound_ip_count": 2
                  }
                ],
                "network_mode": "",
                "network_plugin": "azure",
                "network_policy": "calico",
                "outbound_type": "userAssignedNATGateway",
                "pod_cidr": "",
                "pod_cidrs": [],
                "service_cidr": "10.0.0.0/16",
                "service_cidrs": [
                  "10.0.0.0/16"
                ]
              }
            ],
            "node_resource_group": "rg-spoke-aks-managed",
            "oidc_issuer_enabled": true,
            "oidc_issuer_url": "https://westeurope.oic.prod-aks.azure.com/558506eb-9459-4ef3-b920-ad55c555e729/a473f2f6-25a9-42c5-93e0-00aa63f1e088/",
            "oms_agent": [
              {
                "log_analytics_workspace_id": "/subscriptions/59d574d4-1c03-4092-ab22-312ed594eec9/resourceGroups/rg-spoke-app/providers/Microsoft.OperationalInsights/workspaces/loganalyticsakscluster",
                "oms_agent_identity": [
                  {
                    "client_id": "d5b6367d-2dfc-42fd-a3db-91ee3e4d69ad",
                    "object_id": "34fee645-b34f-4f3b-b852-5d750144abb9",
                    "user_assigned_identity_id": "/subscriptions/59d574d4-1c03-4092-ab22-312ed594eec9/resourcegroups/rg-spoke-aks-managed/providers/Microsoft.ManagedIdentity/userAssignedIdentities/omsagent-aks-cluster"
                  }
                ]
              }
            ],
            "open_service_mesh_enabled": true,
            "portal_fqdn": "38e846f03ccc07bd6af1348a20fb4e96-priv.portal.hcp.westeurope.azmk8s.io",
            "private_cluster_enabled": true,
            "private_cluster_public_fqdn_enabled": false,
            "private_dns_zone_id": "/subscriptions/59d574d4-1c03-4092-ab22-312ed594eec9/resourceGroups/rg-spoke-aks/providers/Microsoft.Network/privateDnsZones/privatelink.westeurope.azmk8s.io",
            "private_fqdn": "aks-81285b18.privatelink.westeurope.azmk8s.io",
            "public_network_access_enabled": true,
            "resource_group_name": "rg-spoke-aks",
            "role_based_access_control_enabled": true,
            "run_command_enabled": true,
            "service_principal": [],
            "sku_tier": "Free",
            "tags": {
              "environment": "development",
              "source": "terraform"
            },
            "timeouts": null,
            "windows_profile": [
              {
                "admin_password": "",
                "admin_username": "azureuser",
                "gmsa": [],
                "license": ""
              }
            ]
          },
          "sensitive_attributes": [],
          "private": "eyJlMmJmYjczMC1lY2FhLTExZTYtOGY4OC0zNDM2M2JjN2M0YzAiOnsiY3JlYXRlIjo1NDAwMDAwMDAwMDAwLCJkZWxldGUiOjU0MDAwMDAwMDAwMDAsInJlYWQiOjMwMDAwMDAwMDAwMCwidXBkYXRlIjo1NDAwMDAwMDAwMDAwfSwic2NoZW1hX3ZlcnNpb24iOiIyIn0=",
          "dependencies": [
            "azuread_group.aks_admins",
            "azurerm_application_gateway.appgw",
            "azurerm_log_analytics_workspace.workspace",
            "azurerm_private_dns_zone.private_dns_zone_aks",
            "azurerm_resource_group.rg_aks",
            "azurerm_resource_group.rg_spoke",
            "azurerm_subnet.subnet_nodes",
            "azurerm_subnet.subnet_pods",
            "azurerm_user_assigned_identity.identity-kubelet",
            "azurerm_user_assigned_identity.identity_aks",
            "azurerm_virtual_network.vnet_spoke",
            "data.azuread_client_config.current",
            "data.azurerm_subscription.current"
          ]
        }
      ]
    },
    {
      "mode": "managed",
      "type": "azurerm_kubernetes_cluster_node_pool",
      "name": "poolapps",
      "provider": "provider[\"registry.terraform.io/hashicorp/azurerm\"]",
      "instances": [
        {
          "index_key": 0,
          "schema_version": 1,
          "attributes": {
            "capacity_reservation_group_id": "",
            "enable_auto_scaling": true,
            "enable_host_encryption": false,
            "enable_node_public_ip": false,
            "eviction_policy": "",
            "fips_enabled": false,
            "host_group_id": "",
            "id": "/subscriptions/59d574d4-1c03-4092-ab22-312ed594eec9/resourceGroups/rg-spoke-aks/providers/Microsoft.ContainerService/managedClusters/aks-cluster/agentPools/poolapps",
            "kubelet_config": [],
            "kubelet_disk_type": "OS",
            "kubernetes_cluster_id": "/subscriptions/59d574d4-1c03-4092-ab22-312ed594eec9/resourceGroups/rg-spoke-aks/providers/Microsoft.ContainerService/managedClusters/aks-cluster",
            "linux_os_config": [],
            "max_count": 1,
            "max_pods": 110,
            "message_of_the_day": "Hello from Azure AKS cluster!",
            "min_count": 0,
            "mode": "User",
            "name": "poolapps",
            "node_count": 0,
            "node_labels": {},
            "node_public_ip_prefix_id": "",
            "node_taints": [],
            "orchestrator_version": "1.24.6",
            "os_disk_size_gb": 60,
            "os_disk_type": "Ephemeral",
            "os_sku": "Ubuntu",
            "os_type": "Linux",
            "pod_subnet_id": "/subscriptions/59d574d4-1c03-4092-ab22-312ed594eec9/resourceGroups/rg-spoke-app/providers/Microsoft.Network/virtualNetworks/vnet-spoke/subnets/subnet-aks-pods",
            "priority": "Regular",
            "proximity_placement_group_id": "",
            "scale_down_mode": "Delete",
            "spot_max_price": -1,
            "tags": {
              "environment": "development",
              "source": "terraform"
            },
            "timeouts": null,
            "ultra_ssd_enabled": false,
            "upgrade_settings": [
              {
                "max_surge": "3"
              }
            ],
            "vm_size": "Standard_D2ds_v5",
            "vnet_subnet_id": "/subscriptions/59d574d4-1c03-4092-ab22-312ed594eec9/resourceGroups/rg-spoke-app/providers/Microsoft.Network/virtualNetworks/vnet-spoke/subnets/subnet-aks-nodes",
            "workload_runtime": "OCIContainer",
            "zones": [
              "1",
              "2",
              "3"
            ]
          },
          "sensitive_attributes": [],
          "private": "eyJlMmJmYjczMC1lY2FhLTExZTYtOGY4OC0zNDM2M2JjN2M0YzAiOnsiY3JlYXRlIjozNjAwMDAwMDAwMDAwLCJkZWxldGUiOjM2MDAwMDAwMDAwMDAsInJlYWQiOjMwMDAwMDAwMDAwMCwidXBkYXRlIjozNjAwMDAwMDAwMDAwfSwic2NoZW1hX3ZlcnNpb24iOiIxIn0=",
          "dependencies": [
            "azuread_group.aks_admins",
            "azurerm_application_gateway.appgw",
            "azurerm_kubernetes_cluster.aks",
            "azurerm_log_analytics_workspace.workspace",
            "azurerm_private_dns_zone.private_dns_zone_aks",
            "azurerm_resource_group.rg_aks",
            "azurerm_resource_group.rg_spoke",
            "azurerm_subnet.subnet_nodes",
            "azurerm_subnet.subnet_pods",
            "azurerm_user_assigned_identity.identity-kubelet",
            "azurerm_user_assigned_identity.identity_aks",
            "azurerm_virtual_network.vnet_spoke",
            "data.azuread_client_config.current",
            "data.azurerm_subscription.current"
          ]
        }
      ]
    },
    {
      "mode": "managed",
      "type": "azurerm_linux_virtual_machine",
      "name": "vm_jumpbox_linux",
      "provider": "provider[\"registry.terraform.io/hashicorp/azurerm\"]",
      "instances": [
        {
          "index_key": 0,
          "schema_version": 0,
          "attributes": {
            "additional_capabilities": [],
            "admin_password": "@Aa123456789",
            "admin_ssh_key": [],
            "admin_username": "houssem",
            "allow_extension_operations": true,
            "availability_set_id": "",
            "boot_diagnostics": [
              {
                "storage_account_uri": ""
              }
            ],
            "capacity_reservation_group_id": "",
            "computer_name": "vm-jumpbox-linux",
            "custom_data": null,
            "dedicated_host_group_id": "",
            "dedicated_host_id": "",
            "disable_password_authentication": false,
            "edge_zone": "",
            "encryption_at_host_enabled": false,
            "eviction_policy": "",
            "extensions_time_budget": "PT1H30M",
            "gallery_application": [],
            "id": "/subscriptions/59d574d4-1c03-4092-ab22-312ed594eec9/resourceGroups/rg-spoke-mgt/providers/Microsoft.Compute/virtualMachines/vm-jumpbox-linux",
            "identity": [],
            "license_type": "",
            "location": "westeurope",
            "max_bid_price": -1,
            "name": "vm-jumpbox-linux",
            "network_interface_ids": [
              "/subscriptions/59d574d4-1c03-4092-ab22-312ed594eec9/resourceGroups/rg-spoke-mgt/providers/Microsoft.Network/networkInterfaces/nic-vm-jumpbox-linux"
            ],
            "os_disk": [
              {
                "caching": "ReadWrite",
                "diff_disk_settings": [],
                "disk_encryption_set_id": "",
                "disk_size_gb": 30,
                "name": "vm-jumpbox-linux_OsDisk_1_6c5ad7c142c44da3a508475bf00e499b",
                "secure_vm_disk_encryption_set_id": "",
                "security_encryption_type": "",
                "storage_account_type": "StandardSSD_LRS",
                "write_accelerator_enabled": false
              }
            ],
            "patch_assessment_mode": "ImageDefault",
            "patch_mode": "ImageDefault",
            "plan": [],
            "platform_fault_domain": -1,
            "priority": "Regular",
            "private_ip_address": "10.2.0.4",
            "private_ip_addresses": [
              "10.2.0.4"
            ],
            "provision_vm_agent": true,
            "proximity_placement_group_id": "",
            "public_ip_address": "",
            "public_ip_addresses": [],
            "resource_group_name": "rg-spoke-mgt",
            "secret": [],
            "secure_boot_enabled": false,
            "size": "Standard_D2ads_v5",
            "source_image_id": "",
            "source_image_reference": [
              {
                "offer": "UbuntuServer",
                "publisher": "Canonical",
                "sku": "18.04-LTS",
                "version": "latest"
              }
            ],
            "tags": {},
            "termination_notification": [],
            "timeouts": null,
            "user_data": "",
            "virtual_machine_id": "efe0279e-581b-4477-8177-f635ebdd4d14",
            "virtual_machine_scale_set_id": "",
            "vtpm_enabled": false,
            "zone": ""
          },
          "sensitive_attributes": [],
          "private": "eyJlMmJmYjczMC1lY2FhLTExZTYtOGY4OC0zNDM2M2JjN2M0YzAiOnsiY3JlYXRlIjoyNzAwMDAwMDAwMDAwLCJkZWxldGUiOjI3MDAwMDAwMDAwMDAsInJlYWQiOjMwMDAwMDAwMDAwMCwidXBkYXRlIjoyNzAwMDAwMDAwMDAwfX0=",
          "dependencies": [
            "azurerm_firewall.firewall",
            "azurerm_network_interface.nic_vm_jumpbox_linux",
            "azurerm_public_ip.public_ip_firewall",
            "azurerm_resource_group.rg_hub",
            "azurerm_resource_group.rg_spoke_mgt",
            "azurerm_subnet.subnet_firewall",
            "azurerm_subnet.subnet_mgt",
            "azurerm_virtual_network.vnet_hub",
            "azurerm_virtual_network.vnet_spoke_mgt"
          ]
        }
      ]
    },
    {
      "mode": "managed",
      "type": "azurerm_log_analytics_solution",
      "name": "solution",
      "provider": "provider[\"registry.terraform.io/hashicorp/azurerm\"]",
      "instances": [
        {
          "index_key": 0,
          "schema_version": 1,
          "attributes": {
            "id": "/subscriptions/59d574d4-1c03-4092-ab22-312ed594eec9/resourceGroups/rg-spoke-app/providers/Microsoft.OperationsManagement/solutions/ContainerInsights(loganalyticsakscluster)",
            "location": "westeurope",
            "plan": [
              {
                "name": "ContainerInsights(loganalyticsakscluster)",
                "product": "OMSGallery/ContainerInsights",
                "promotion_code": "",
                "publisher": "Microsoft"
              }
            ],
            "resource_group_name": "rg-spoke-app",
            "solution_name": "ContainerInsights",
            "tags": {
              "environment": "development",
              "source": "terraform"
            },
            "timeouts": null,
            "workspace_name": "loganalyticsakscluster",
            "workspace_resource_id": "/subscriptions/59d574d4-1c03-4092-ab22-312ed594eec9/resourceGroups/rg-spoke-app/providers/Microsoft.OperationalInsights/workspaces/loganalyticsakscluster"
          },
          "sensitive_attributes": [],
          "private": "eyJlMmJmYjczMC1lY2FhLTExZTYtOGY4OC0zNDM2M2JjN2M0YzAiOnsiY3JlYXRlIjoxODAwMDAwMDAwMDAwLCJkZWxldGUiOjE4MDAwMDAwMDAwMDAsInJlYWQiOjMwMDAwMDAwMDAwMCwidXBkYXRlIjoxODAwMDAwMDAwMDAwfSwic2NoZW1hX3ZlcnNpb24iOiIxIn0=",
          "dependencies": [
            "azurerm_log_analytics_workspace.workspace",
            "azurerm_resource_group.rg_spoke"
          ]
        }
      ]
    },
    {
      "mode": "managed",
      "type": "azurerm_log_analytics_workspace",
      "name": "workspace",
      "provider": "provider[\"registry.terraform.io/hashicorp/azurerm\"]",
      "instances": [
        {
          "index_key": 0,
          "schema_version": 2,
          "attributes": {
            "cmk_for_query_forced": false,
            "daily_quota_gb": -1,
            "id": "/subscriptions/59d574d4-1c03-4092-ab22-312ed594eec9/resourceGroups/rg-spoke-app/providers/Microsoft.OperationalInsights/workspaces/loganalyticsakscluster",
            "internet_ingestion_enabled": true,
            "internet_query_enabled": true,
            "location": "westeurope",
            "name": "loganalyticsakscluster",
            "primary_shared_key": "kzvlcT4Pazy70xbAQBQBQSSogZrPByAsyDDhr5ht/UzosQj3BlVwjsLl7lCMoJqxXY5pADkLYGCoa94U4arWOA==",
            "reservation_capacity_in_gb_per_day": null,
            "resource_group_name": "rg-spoke-app",
            "retention_in_days": 30,
            "secondary_shared_key": "C0I+UZNfqVVwAmyJS59XQKEltX01tJfrlBvBUNg5x3j3JdbM8ouczDOhxn3jJr8dUkaHXULUqak0eKrCYT2fJg==",
            "sku": "PerGB2018",
            "tags": {
              "environment": "development",
              "source": "terraform"
            },
            "timeouts": null,
            "workspace_id": "0afcc5be-4cc2-4245-9eff-69e5c43fe31b"
          },
          "sensitive_attributes": [],
          "private": "eyJlMmJmYjczMC1lY2FhLTExZTYtOGY4OC0zNDM2M2JjN2M0YzAiOnsiY3JlYXRlIjoxODAwMDAwMDAwMDAwLCJkZWxldGUiOjE4MDAwMDAwMDAwMDAsInJlYWQiOjMwMDAwMDAwMDAwMCwidXBkYXRlIjoxODAwMDAwMDAwMDAwfSwic2NoZW1hX3ZlcnNpb24iOiIyIn0=",
          "dependencies": [
            "azurerm_resource_group.rg_spoke"
          ]
        }
      ]
    },
    {
      "mode": "managed",
      "type": "azurerm_monitor_diagnostic_setting",
      "name": "diagnostic_settings_acr",
      "provider": "provider[\"registry.terraform.io/hashicorp/azurerm\"]",
      "instances": [
        {
          "index_key": 0,
          "schema_version": 0,
          "attributes": {
            "eventhub_authorization_rule_id": "",
            "eventhub_name": "",
            "id": "/subscriptions/59d574d4-1c03-4092-ab22-312ed594eec9/resourceGroups/rg-spoke-app/providers/Microsoft.ContainerRegistry/registries/acrforakstf0111|diagnostic-settings",
            "log": [
              {
                "category": "ContainerRegistryLoginEvents",
                "category_group": "",
                "enabled": true,
                "retention_policy": [
                  {
                    "days": 0,
                    "enabled": true
                  }
                ]
              },
              {
                "category": "ContainerRegistryRepositoryEvents",
                "category_group": "",
                "enabled": true,
                "retention_policy": [
                  {
                    "days": 0,
                    "enabled": true
                  }
                ]
              }
            ],
            "log_analytics_destination_type": "",
            "log_analytics_workspace_id": "/subscriptions/59d574d4-1c03-4092-ab22-312ed594eec9/resourceGroups/rg-spoke-app/providers/Microsoft.OperationalInsights/workspaces/loganalyticsakscluster",
            "metric": [
              {
                "category": "AllMetrics",
                "enabled": true,
                "retention_policy": [
                  {
                    "days": 0,
                    "enabled": true
                  }
                ]
              }
            ],
            "name": "diagnostic-settings",
            "storage_account_id": null,
            "target_resource_id": "/subscriptions/59d574d4-1c03-4092-ab22-312ed594eec9/resourceGroups/rg-spoke-app/providers/Microsoft.ContainerRegistry/registries/acrforakstf0111",
            "timeouts": null
          },
          "sensitive_attributes": [],
          "private": "eyJlMmJmYjczMC1lY2FhLTExZTYtOGY4OC0zNDM2M2JjN2M0YzAiOnsiY3JlYXRlIjoxODAwMDAwMDAwMDAwLCJkZWxldGUiOjM2MDAwMDAwMDAwMDAsInJlYWQiOjMwMDAwMDAwMDAwMCwidXBkYXRlIjoxODAwMDAwMDAwMDAwfX0=",
          "dependencies": [
            "azurerm_container_registry.acr",
            "azurerm_log_analytics_workspace.workspace",
            "azurerm_resource_group.rg_spoke"
          ]
        }
      ]
    },
    {
      "mode": "managed",
      "type": "azurerm_monitor_diagnostic_setting",
      "name": "diagnostic_settings_aks",
      "provider": "provider[\"registry.terraform.io/hashicorp/azurerm\"]",
      "instances": [
        {
          "index_key": 0,
          "schema_version": 0,
          "attributes": {
            "eventhub_authorization_rule_id": "",
            "eventhub_name": "",
            "id": "/subscriptions/59d574d4-1c03-4092-ab22-312ed594eec9/resourceGroups/rg-spoke-aks/providers/Microsoft.ContainerService/managedClusters/aks-cluster|diagnostic-settings",
            "log": [
              {
                "category": "cloud-controller-manager",
                "category_group": "",
                "enabled": true,
                "retention_policy": [
                  {
                    "days": 0,
                    "enabled": true
                  }
                ]
              },
              {
                "category": "cluster-autoscaler",
                "category_group": "",
                "enabled": true,
                "retention_policy": [
                  {
                    "days": 0,
                    "enabled": true
                  }
                ]
              },
              {
                "category": "csi-azuredisk-controller",
                "category_group": "",
                "enabled": true,
                "retention_policy": [
                  {
                    "days": 0,
                    "enabled": true
                  }
                ]
              },
              {
                "category": "csi-azurefile-controller",
                "category_group": "",
                "enabled": true,
                "retention_policy": [
                  {
                    "days": 0,
                    "enabled": true
                  }
                ]
              },
              {
                "category": "csi-snapshot-controller",
                "category_group": "",
                "enabled": true,
                "retention_policy": [
                  {
                    "days": 0,
                    "enabled": true
                  }
                ]
              },
              {
                "category": "guard",
                "category_group": "",
                "enabled": true,
                "retention_policy": [
                  {
                    "days": 0,
                    "enabled": true
                  }
                ]
              },
              {
                "category": "kube-apiserver",
                "category_group": "",
                "enabled": true,
                "retention_policy": [
                  {
                    "days": 0,
                    "enabled": true
                  }
                ]
              },
              {
                "category": "kube-audit",
                "category_group": "",
                "enabled": true,
                "retention_policy": [
                  {
                    "days": 0,
                    "enabled": true
                  }
                ]
              },
              {
                "category": "kube-audit-admin",
                "category_group": "",
                "enabled": true,
                "retention_policy": [
                  {
                    "days": 0,
                    "enabled": true
                  }
                ]
              },
              {
                "category": "kube-controller-manager",
                "category_group": "",
                "enabled": true,
                "retention_policy": [
                  {
                    "days": 0,
                    "enabled": true
                  }
                ]
              },
              {
                "category": "kube-scheduler",
                "category_group": "",
                "enabled": true,
                "retention_policy": [
                  {
                    "days": 0,
                    "enabled": true
                  }
                ]
              }
            ],
            "log_analytics_destination_type": "",
            "log_analytics_workspace_id": "/subscriptions/59d574d4-1c03-4092-ab22-312ed594eec9/resourceGroups/rg-spoke-app/providers/Microsoft.OperationalInsights/workspaces/loganalyticsakscluster",
            "metric": [
              {
                "category": "AllMetrics",
                "enabled": true,
                "retention_policy": [
                  {
                    "days": 0,
                    "enabled": true
                  }
                ]
              }
            ],
            "name": "diagnostic-settings",
            "storage_account_id": null,
            "target_resource_id": "/subscriptions/59d574d4-1c03-4092-ab22-312ed594eec9/resourceGroups/rg-spoke-aks/providers/Microsoft.ContainerService/managedClusters/aks-cluster",
            "timeouts": null
          },
          "sensitive_attributes": [],
          "private": "eyJlMmJmYjczMC1lY2FhLTExZTYtOGY4OC0zNDM2M2JjN2M0YzAiOnsiY3JlYXRlIjoxODAwMDAwMDAwMDAwLCJkZWxldGUiOjM2MDAwMDAwMDAwMDAsInJlYWQiOjMwMDAwMDAwMDAwMCwidXBkYXRlIjoxODAwMDAwMDAwMDAwfX0=",
          "dependencies": [
            "azuread_group.aks_admins",
            "azurerm_application_gateway.appgw",
            "azurerm_kubernetes_cluster.aks",
            "azurerm_log_analytics_workspace.workspace",
            "azurerm_private_dns_zone.private_dns_zone_aks",
            "azurerm_resource_group.rg_aks",
            "azurerm_resource_group.rg_spoke",
            "azurerm_subnet.subnet_nodes",
            "azurerm_subnet.subnet_pods",
            "azurerm_user_assigned_identity.identity-kubelet",
            "azurerm_user_assigned_identity.identity_aks",
            "azurerm_virtual_network.vnet_spoke",
            "data.azuread_client_config.current",
            "data.azurerm_subscription.current"
          ]
        }
      ]
    },
    {
      "mode": "managed",
      "type": "azurerm_monitor_diagnostic_setting",
      "name": "diagnostic_settings_bastion",
      "provider": "provider[\"registry.terraform.io/hashicorp/azurerm\"]",
      "instances": [
        {
          "index_key": 0,
          "schema_version": 0,
          "attributes": {
            "eventhub_authorization_rule_id": "",
            "eventhub_name": "",
            "id": "/subscriptions/59d574d4-1c03-4092-ab22-312ed594eec9/resourceGroups/rg-spoke-mgt/providers/Microsoft.Network/bastionHosts/bastion_host|diagnostic-settings",
            "log": [
              {
                "category": "BastionAuditLogs",
                "category_group": "",
                "enabled": true,
                "retention_policy": [
                  {
                    "days": 0,
                    "enabled": true
                  }
                ]
              }
            ],
            "log_analytics_destination_type": "",
            "log_analytics_workspace_id": "/subscriptions/59d574d4-1c03-4092-ab22-312ed594eec9/resourceGroups/rg-spoke-app/providers/Microsoft.OperationalInsights/workspaces/loganalyticsakscluster",
            "metric": [
              {
                "category": "AllMetrics",
                "enabled": true,
                "retention_policy": [
                  {
                    "days": 0,
                    "enabled": true
                  }
                ]
              }
            ],
            "name": "diagnostic-settings",
            "storage_account_id": null,
            "target_resource_id": "/subscriptions/59d574d4-1c03-4092-ab22-312ed594eec9/resourceGroups/rg-spoke-mgt/providers/Microsoft.Network/bastionHosts/bastion_host",
            "timeouts": null
          },
          "sensitive_attributes": [],
          "private": "eyJlMmJmYjczMC1lY2FhLTExZTYtOGY4OC0zNDM2M2JjN2M0YzAiOnsiY3JlYXRlIjoxODAwMDAwMDAwMDAwLCJkZWxldGUiOjM2MDAwMDAwMDAwMDAsInJlYWQiOjMwMDAwMDAwMDAwMCwidXBkYXRlIjoxODAwMDAwMDAwMDAwfX0=",
          "dependencies": [
            "azurerm_bastion_host.bastion_host",
            "azurerm_firewall.firewall",
            "azurerm_log_analytics_workspace.workspace",
            "azurerm_public_ip.public_ip_bastion",
            "azurerm_public_ip.public_ip_firewall",
            "azurerm_resource_group.rg_hub",
            "azurerm_resource_group.rg_spoke",
            "azurerm_resource_group.rg_spoke_mgt",
            "azurerm_subnet.subnet_bastion",
            "azurerm_subnet.subnet_firewall",
            "azurerm_virtual_network.vnet_hub",
            "azurerm_virtual_network.vnet_spoke_mgt"
          ]
        }
      ]
    },
    {
      "mode": "managed",
      "type": "azurerm_monitor_diagnostic_setting",
      "name": "diagnostic_settings_firewall",
      "provider": "provider[\"registry.terraform.io/hashicorp/azurerm\"].subscription_hub",
      "instances": [
        {
          "index_key": 0,
          "schema_version": 0,
          "attributes": {
            "eventhub_authorization_rule_id": "",
            "eventhub_name": "",
            "id": "/subscriptions/59d574d4-1c03-4092-ab22-312ed594eec9/resourceGroups/rg-hub/providers/Microsoft.Network/azureFirewalls/firewall-hub|diagnostic-settings",
            "log": [
              {
                "category": "AzureFirewallApplicationRule",
                "category_group": null,
                "enabled": true,
                "retention_policy": [
                  {
                    "days": null,
                    "enabled": true
                  }
                ]
              },
              {
                "category": "AzureFirewallDnsProxy",
                "category_group": null,
                "enabled": true,
                "retention_policy": [
                  {
                    "days": null,
                    "enabled": true
                  }
                ]
              },
              {
                "category": "AzureFirewallNetworkRule",
                "category_group": null,
                "enabled": true,
                "retention_policy": [
                  {
                    "days": null,
                    "enabled": true
                  }
                ]
              }
            ],
            "log_analytics_destination_type": "AzureDiagnostics",
            "log_analytics_workspace_id": "/subscriptions/59d574d4-1c03-4092-ab22-312ed594eec9/resourceGroups/rg-spoke-app/providers/Microsoft.OperationalInsights/workspaces/loganalyticsakscluster",
            "metric": [
              {
                "category": "AllMetrics",
                "enabled": true,
                "retention_policy": [
                  {
                    "days": 0,
                    "enabled": true
                  }
                ]
              }
            ],
            "name": "diagnostic-settings",
            "storage_account_id": null,
            "target_resource_id": "/subscriptions/59d574d4-1c03-4092-ab22-312ed594eec9/resourceGroups/rg-hub/providers/Microsoft.Network/azureFirewalls/firewall-hub",
            "timeouts": null
          },
          "sensitive_attributes": [],
          "private": "eyJlMmJmYjczMC1lY2FhLTExZTYtOGY4OC0zNDM2M2JjN2M0YzAiOnsiY3JlYXRlIjoxODAwMDAwMDAwMDAwLCJkZWxldGUiOjM2MDAwMDAwMDAwMDAsInJlYWQiOjMwMDAwMDAwMDAwMCwidXBkYXRlIjoxODAwMDAwMDAwMDAwfX0=",
          "dependencies": [
            "azurerm_firewall.firewall",
            "azurerm_log_analytics_workspace.workspace",
            "azurerm_public_ip.public_ip_firewall",
            "azurerm_resource_group.rg_hub",
            "azurerm_resource_group.rg_spoke",
            "azurerm_subnet.subnet_firewall",
            "azurerm_virtual_network.vnet_hub"
          ]
        }
      ]
    },
    {
      "mode": "managed",
      "type": "azurerm_monitor_diagnostic_setting",
      "name": "diagnostic_settings_vnet",
      "provider": "provider[\"registry.terraform.io/hashicorp/azurerm\"]",
      "instances": [
        {
          "index_key": 0,
          "schema_version": 0,
          "attributes": {
            "eventhub_authorization_rule_id": "",
            "eventhub_name": "",
            "id": "/subscriptions/59d574d4-1c03-4092-ab22-312ed594eec9/resourceGroups/rg-spoke-app/providers/Microsoft.Network/virtualNetworks/vnet-spoke|diagnostic-settings",
            "log": [
              {
                "category": "VMProtectionAlerts",
                "category_group": "",
                "enabled": true,
                "retention_policy": [
                  {
                    "days": 0,
                    "enabled": true
                  }
                ]
              }
            ],
            "log_analytics_destination_type": "",
            "log_analytics_workspace_id": "/subscriptions/59d574d4-1c03-4092-ab22-312ed594eec9/resourceGroups/rg-spoke-app/providers/Microsoft.OperationalInsights/workspaces/loganalyticsakscluster",
            "metric": [
              {
                "category": "AllMetrics",
                "enabled": true,
                "retention_policy": [
                  {
                    "days": 0,
                    "enabled": true
                  }
                ]
              }
            ],
            "name": "diagnostic-settings",
            "storage_account_id": null,
            "target_resource_id": "/subscriptions/59d574d4-1c03-4092-ab22-312ed594eec9/resourceGroups/rg-spoke-app/providers/Microsoft.Network/virtualNetworks/vnet-spoke",
            "timeouts": null
          },
          "sensitive_attributes": [],
          "private": "eyJlMmJmYjczMC1lY2FhLTExZTYtOGY4OC0zNDM2M2JjN2M0YzAiOnsiY3JlYXRlIjoxODAwMDAwMDAwMDAwLCJkZWxldGUiOjM2MDAwMDAwMDAwMDAsInJlYWQiOjMwMDAwMDAwMDAwMCwidXBkYXRlIjoxODAwMDAwMDAwMDAwfX0=",
          "dependencies": [
            "azurerm_log_analytics_workspace.workspace",
            "azurerm_resource_group.rg_spoke",
            "azurerm_virtual_network.vnet_spoke"
          ]
        }
      ]
    },
    {
      "mode": "managed",
      "type": "azurerm_monitor_diagnostic_setting",
      "name": "diagnostic_settings_vnet_mgt",
      "provider": "provider[\"registry.terraform.io/hashicorp/azurerm\"]",
      "instances": [
        {
          "index_key": 0,
          "schema_version": 0,
          "attributes": {
            "eventhub_authorization_rule_id": "",
            "eventhub_name": "",
            "id": "/subscriptions/59d574d4-1c03-4092-ab22-312ed594eec9/resourceGroups/rg-spoke-mgt/providers/Microsoft.Network/virtualNetworks/vnet-spoke-mgt1|diagnostic-settings",
            "log": [
              {
                "category": "VMProtectionAlerts",
                "category_group": "",
                "enabled": true,
                "retention_policy": [
                  {
                    "days": 0,
                    "enabled": true
                  }
                ]
              }
            ],
            "log_analytics_destination_type": "",
            "log_analytics_workspace_id": "/subscriptions/59d574d4-1c03-4092-ab22-312ed594eec9/resourceGroups/rg-spoke-app/providers/Microsoft.OperationalInsights/workspaces/loganalyticsakscluster",
            "metric": [
              {
                "category": "AllMetrics",
                "enabled": true,
                "retention_policy": [
                  {
                    "days": 0,
                    "enabled": true
                  }
                ]
              }
            ],
            "name": "diagnostic-settings",
            "storage_account_id": null,
            "target_resource_id": "/subscriptions/59d574d4-1c03-4092-ab22-312ed594eec9/resourceGroups/rg-spoke-mgt/providers/Microsoft.Network/virtualNetworks/vnet-spoke-mgt1",
            "timeouts": null
          },
          "sensitive_attributes": [],
          "private": "eyJlMmJmYjczMC1lY2FhLTExZTYtOGY4OC0zNDM2M2JjN2M0YzAiOnsiY3JlYXRlIjoxODAwMDAwMDAwMDAwLCJkZWxldGUiOjM2MDAwMDAwMDAwMDAsInJlYWQiOjMwMDAwMDAwMDAwMCwidXBkYXRlIjoxODAwMDAwMDAwMDAwfX0=",
          "dependencies": [
            "azurerm_firewall.firewall",
            "azurerm_log_analytics_workspace.workspace",
            "azurerm_public_ip.public_ip_firewall",
            "azurerm_resource_group.rg_hub",
            "azurerm_resource_group.rg_spoke",
            "azurerm_resource_group.rg_spoke_mgt",
            "azurerm_subnet.subnet_firewall",
            "azurerm_virtual_network.vnet_hub",
            "azurerm_virtual_network.vnet_spoke_mgt"
          ]
        }
      ]
    },
    {
      "mode": "managed",
      "type": "azurerm_nat_gateway",
      "name": "natgw",
      "provider": "provider[\"registry.terraform.io/hashicorp/azurerm\"]",
      "instances": [
        {
          "index_key": 0,
          "schema_version": 0,
          "attributes": {
            "id": "/subscriptions/59d574d4-1c03-4092-ab22-312ed594eec9/resourceGroups/rg-spoke-aks/providers/Microsoft.Network/natGateways/nat-gateway",
            "idle_timeout_in_minutes": 10,
            "location": "westeurope",
            "name": "nat-gateway",
            "resource_group_name": "rg-spoke-aks",
            "resource_guid": "a85d16af-0a37-4d3a-b1c1-d32c5435265b",
            "sku_name": "Standard",
            "tags": {},
            "timeouts": null,
            "zones": [
              "1"
            ]
          },
          "sensitive_attributes": [],
          "private": "eyJlMmJmYjczMC1lY2FhLTExZTYtOGY4OC0zNDM2M2JjN2M0YzAiOnsiY3JlYXRlIjozNjAwMDAwMDAwMDAwLCJkZWxldGUiOjM2MDAwMDAwMDAwMDAsInJlYWQiOjMwMDAwMDAwMDAwMCwidXBkYXRlIjozNjAwMDAwMDAwMDAwfX0=",
          "dependencies": [
            "azurerm_resource_group.rg_aks"
          ]
        }
      ]
    },
    {
      "mode": "managed",
      "type": "azurerm_nat_gateway_public_ip_association",
      "name": "pip_assoc",
      "provider": "provider[\"registry.terraform.io/hashicorp/azurerm\"]",
      "instances": [
        {
          "index_key": 0,
          "schema_version": 0,
          "attributes": {
            "id": "/subscriptions/59d574d4-1c03-4092-ab22-312ed594eec9/resourceGroups/rg-spoke-aks/providers/Microsoft.Network/natGateways/nat-gateway|/subscriptions/59d574d4-1c03-4092-ab22-312ed594eec9/resourceGroups/rg-spoke-aks/providers/Microsoft.Network/publicIPAddresses/public-ip-nat-gateway",
            "nat_gateway_id": "/subscriptions/59d574d4-1c03-4092-ab22-312ed594eec9/resourceGroups/rg-spoke-aks/providers/Microsoft.Network/natGateways/nat-gateway",
            "public_ip_address_id": "/subscriptions/59d574d4-1c03-4092-ab22-312ed594eec9/resourceGroups/rg-spoke-aks/providers/Microsoft.Network/publicIPAddresses/public-ip-nat-gateway",
            "timeouts": null
          },
          "sensitive_attributes": [],
          "private": "eyJlMmJmYjczMC1lY2FhLTExZTYtOGY4OC0zNDM2M2JjN2M0YzAiOnsiY3JlYXRlIjoxODAwMDAwMDAwMDAwLCJkZWxldGUiOjE4MDAwMDAwMDAwMDAsInJlYWQiOjMwMDAwMDAwMDAwMH19",
          "dependencies": [
            "azurerm_nat_gateway.natgw",
            "azurerm_public_ip.natgw_pip",
            "azurerm_resource_group.rg_aks"
          ]
        }
      ]
    },
    {
      "mode": "managed",
      "type": "azurerm_network_interface",
      "name": "nic_vm_jumpbox_linux",
      "provider": "provider[\"registry.terraform.io/hashicorp/azurerm\"]",
      "instances": [
        {
          "index_key": 0,
          "schema_version": 0,
          "attributes": {
            "applied_dns_servers": [],
            "dns_servers": [],
            "edge_zone": "",
            "enable_accelerated_networking": false,
            "enable_ip_forwarding": false,
            "id": "/subscriptions/59d574d4-1c03-4092-ab22-312ed594eec9/resourceGroups/rg-spoke-mgt/providers/Microsoft.Network/networkInterfaces/nic-vm-jumpbox-linux",
            "internal_dns_name_label": "",
            "internal_domain_name_suffix": "pe5p4hpgrjketdipmbsy1frfab.ax.internal.cloudapp.net",
            "ip_configuration": [
              {
                "gateway_load_balancer_frontend_ip_configuration_id": "",
                "name": "internal",
                "primary": true,
                "private_ip_address": "10.2.0.4",
                "private_ip_address_allocation": "Dynamic",
                "private_ip_address_version": "IPv4",
                "public_ip_address_id": "",
                "subnet_id": "/subscriptions/59d574d4-1c03-4092-ab22-312ed594eec9/resourceGroups/rg-spoke-mgt/providers/Microsoft.Network/virtualNetworks/vnet-spoke-mgt1/subnets/subnet-mgt"
              }
            ],
            "location": "westeurope",
            "mac_address": "00-0D-3A-3A-7B-0F",
            "name": "nic-vm-jumpbox-linux",
            "private_ip_address": "10.2.0.4",
            "private_ip_addresses": [
              "10.2.0.4"
            ],
            "resource_group_name": "rg-spoke-mgt",
            "tags": {},
            "timeouts": null,
            "virtual_machine_id": "/subscriptions/59d574d4-1c03-4092-ab22-312ed594eec9/resourceGroups/rg-spoke-mgt/providers/Microsoft.Compute/virtualMachines/vm-jumpbox-linux"
          },
          "sensitive_attributes": [],
          "private": "eyJlMmJmYjczMC1lY2FhLTExZTYtOGY4OC0zNDM2M2JjN2M0YzAiOnsiY3JlYXRlIjoxODAwMDAwMDAwMDAwLCJkZWxldGUiOjE4MDAwMDAwMDAwMDAsInJlYWQiOjMwMDAwMDAwMDAwMCwidXBkYXRlIjoxODAwMDAwMDAwMDAwfX0=",
          "dependencies": [
            "azurerm_firewall.firewall",
            "azurerm_public_ip.public_ip_firewall",
            "azurerm_resource_group.rg_hub",
            "azurerm_resource_group.rg_spoke_mgt",
            "azurerm_subnet.subnet_firewall",
            "azurerm_subnet.subnet_mgt",
            "azurerm_virtual_network.vnet_hub",
            "azurerm_virtual_network.vnet_spoke_mgt"
          ]
        }
      ]
    },
    {
      "mode": "managed",
      "type": "azurerm_private_dns_zone",
      "name": "private_dns_zone_acr",
      "provider": "provider[\"registry.terraform.io/hashicorp/azurerm\"]",
      "instances": [
        {
          "index_key": 0,
          "schema_version": 0,
          "attributes": {
            "id": "/subscriptions/59d574d4-1c03-4092-ab22-312ed594eec9/resourceGroups/rg-spoke-app/providers/Microsoft.Network/privateDnsZones/privatelink.azurecr.io",
            "max_number_of_record_sets": 25000,
            "max_number_of_virtual_network_links": 1000,
            "max_number_of_virtual_network_links_with_registration": 100,
            "name": "privatelink.azurecr.io",
            "number_of_record_sets": 3,
            "resource_group_name": "rg-spoke-app",
            "soa_record": [
              {
                "email": "azureprivatedns-host.microsoft.com",
                "expire_time": 2419200,
                "fqdn": "privatelink.azurecr.io.",
                "host_name": "azureprivatedns.net",
                "minimum_ttl": 10,
                "refresh_time": 3600,
                "retry_time": 300,
                "serial_number": 1,
                "tags": {},
                "ttl": 3600
              }
            ],
            "tags": {
              "environment": "development",
              "source": "terraform"
            },
            "timeouts": null
          },
          "sensitive_attributes": [],
          "private": "eyJlMmJmYjczMC1lY2FhLTExZTYtOGY4OC0zNDM2M2JjN2M0YzAiOnsiY3JlYXRlIjoxODAwMDAwMDAwMDAwLCJkZWxldGUiOjE4MDAwMDAwMDAwMDAsInJlYWQiOjMwMDAwMDAwMDAwMCwidXBkYXRlIjoxODAwMDAwMDAwMDAwfX0=",
          "dependencies": [
            "azurerm_resource_group.rg_spoke"
          ]
        }
      ]
    },
    {
      "mode": "managed",
      "type": "azurerm_private_dns_zone",
      "name": "private_dns_zone_aks",
      "provider": "provider[\"registry.terraform.io/hashicorp/azurerm\"]",
      "instances": [
        {
          "index_key": 0,
          "schema_version": 0,
          "attributes": {
            "id": "/subscriptions/59d574d4-1c03-4092-ab22-312ed594eec9/resourceGroups/rg-spoke-aks/providers/Microsoft.Network/privateDnsZones/privatelink.westeurope.azmk8s.io",
            "max_number_of_record_sets": 25000,
            "max_number_of_virtual_network_links": 1000,
            "max_number_of_virtual_network_links_with_registration": 100,
            "name": "privatelink.westeurope.azmk8s.io",
            "number_of_record_sets": 2,
            "resource_group_name": "rg-spoke-aks",
            "soa_record": [
              {
                "email": "azureprivatedns-host.microsoft.com",
                "expire_time": 2419200,
                "fqdn": "privatelink.westeurope.azmk8s.io.",
                "host_name": "azureprivatedns.net",
                "minimum_ttl": 10,
                "refresh_time": 3600,
                "retry_time": 300,
                "serial_number": 1,
                "tags": {},
                "ttl": 3600
              }
            ],
            "tags": {},
            "timeouts": null
          },
          "sensitive_attributes": [],
          "private": "eyJlMmJmYjczMC1lY2FhLTExZTYtOGY4OC0zNDM2M2JjN2M0YzAiOnsiY3JlYXRlIjoxODAwMDAwMDAwMDAwLCJkZWxldGUiOjE4MDAwMDAwMDAwMDAsInJlYWQiOjMwMDAwMDAwMDAwMCwidXBkYXRlIjoxODAwMDAwMDAwMDAwfX0=",
          "dependencies": [
            "azurerm_resource_group.rg_aks"
          ]
        }
      ]
    },
    {
      "mode": "managed",
      "type": "azurerm_private_dns_zone_virtual_network_link",
      "name": "link_private_dns_zone_acr_to_vnet_hub",
      "provider": "provider[\"registry.terraform.io/hashicorp/azurerm\"]",
      "instances": [
        {
          "index_key": 0,
          "schema_version": 0,
          "attributes": {
            "id": "/subscriptions/59d574d4-1c03-4092-ab22-312ed594eec9/resourceGroups/rg-spoke-app/providers/Microsoft.Network/privateDnsZones/privatelink.azurecr.io/virtualNetworkLinks/link_private_dns_zone_acr_to_vnet_hub",
            "name": "link_private_dns_zone_acr_to_vnet_hub",
            "private_dns_zone_name": "privatelink.azurecr.io",
            "registration_enabled": false,
            "resource_group_name": "rg-spoke-app",
            "tags": {},
            "timeouts": null,
            "virtual_network_id": "/subscriptions/59d574d4-1c03-4092-ab22-312ed594eec9/resourceGroups/rg-hub/providers/Microsoft.Network/virtualNetworks/vnet-hub"
          },
          "sensitive_attributes": [],
          "private": "eyJlMmJmYjczMC1lY2FhLTExZTYtOGY4OC0zNDM2M2JjN2M0YzAiOnsiY3JlYXRlIjoxODAwMDAwMDAwMDAwLCJkZWxldGUiOjE4MDAwMDAwMDAwMDAsInJlYWQiOjMwMDAwMDAwMDAwMCwidXBkYXRlIjoxODAwMDAwMDAwMDAwfX0=",
          "dependencies": [
            "azurerm_private_dns_zone.private_dns_zone_acr",
            "azurerm_resource_group.rg_hub",
            "azurerm_resource_group.rg_spoke",
            "azurerm_virtual_network.vnet_hub"
          ]
        }
      ]
    },
    {
      "mode": "managed",
      "type": "azurerm_private_dns_zone_virtual_network_link",
      "name": "link_private_dns_zone_aks_to_vnet_hub",
      "provider": "provider[\"registry.terraform.io/hashicorp/azurerm\"]",
      "instances": [
        {
          "index_key": 0,
          "schema_version": 0,
          "attributes": {
            "id": "/subscriptions/59d574d4-1c03-4092-ab22-312ed594eec9/resourceGroups/rg-spoke-aks/providers/Microsoft.Network/privateDnsZones/privatelink.westeurope.azmk8s.io/virtualNetworkLinks/link_private_dns_zone_aks_to_vnet_hub",
            "name": "link_private_dns_zone_aks_to_vnet_hub",
            "private_dns_zone_name": "privatelink.westeurope.azmk8s.io",
            "registration_enabled": false,
            "resource_group_name": "rg-spoke-aks",
            "tags": {},
            "timeouts": null,
            "virtual_network_id": "/subscriptions/59d574d4-1c03-4092-ab22-312ed594eec9/resourceGroups/rg-hub/providers/Microsoft.Network/virtualNetworks/vnet-hub"
          },
          "sensitive_attributes": [],
          "private": "eyJlMmJmYjczMC1lY2FhLTExZTYtOGY4OC0zNDM2M2JjN2M0YzAiOnsiY3JlYXRlIjoxODAwMDAwMDAwMDAwLCJkZWxldGUiOjE4MDAwMDAwMDAwMDAsInJlYWQiOjMwMDAwMDAwMDAwMCwidXBkYXRlIjoxODAwMDAwMDAwMDAwfX0=",
          "dependencies": [
            "azurerm_private_dns_zone.private_dns_zone_aks",
            "azurerm_resource_group.rg_aks",
            "azurerm_resource_group.rg_hub",
            "azurerm_virtual_network.vnet_hub"
          ]
        }
      ]
    },
    {
      "mode": "managed",
      "type": "azurerm_private_endpoint",
      "name": "pe_acr",
      "provider": "provider[\"registry.terraform.io/hashicorp/azurerm\"]",
      "instances": [
        {
          "index_key": 0,
          "schema_version": 0,
          "attributes": {
            "custom_dns_configs": [],
            "custom_network_interface_name": "",
            "id": "/subscriptions/59d574d4-1c03-4092-ab22-312ed594eec9/resourceGroups/rg-spoke-app/providers/Microsoft.Network/privateEndpoints/private-endpoint-acr",
            "ip_configuration": [],
            "location": "westeurope",
            "name": "private-endpoint-acr",
            "network_interface": [
              {
                "id": "/subscriptions/59d574d4-1c03-4092-ab22-312ed594eec9/resourceGroups/rg-spoke-app/providers/Microsoft.Network/networkInterfaces/private-endpoint-acr.nic.567e5f2b-2d2a-4d2e-ba61-61df973d3a6b",
                "name": "private-endpoint-acr.nic.567e5f2b-2d2a-4d2e-ba61-61df973d3a6b"
              }
            ],
            "private_dns_zone_configs": [
              {
                "id": "/subscriptions/59d574d4-1c03-4092-ab22-312ed594eec9/resourceGroups/rg-spoke-app/providers/Microsoft.Network/privateEndpoints/private-endpoint-acr/privateDnsZoneGroups/private-dns-zone-group-acr/privateDnsZoneConfigs/privatelink.azurecr.io",
                "name": "privatelink.azurecr.io",
                "private_dns_zone_id": "/subscriptions/59d574d4-1c03-4092-ab22-312ed594eec9/resourceGroups/rg-spoke-app/providers/Microsoft.Network/privateDnsZones/privatelink.azurecr.io",
                "record_sets": [
                  {
                    "fqdn": "acrforakstf0111.westeurope.data.privatelink.azurecr.io",
                    "ip_addresses": [
                      "10.1.2.4"
                    ],
                    "name": "acrforakstf0111.westeurope.data",
                    "ttl": 10,
                    "type": "A"
                  },
                  {
                    "fqdn": "acrforakstf0111.privatelink.azurecr.io",
                    "ip_addresses": [
                      "10.1.2.5"
                    ],
                    "name": "acrforakstf0111",
                    "ttl": 10,
                    "type": "A"
                  }
                ]
              }
            ],
            "private_dns_zone_group": [
              {
                "id": "/subscriptions/59d574d4-1c03-4092-ab22-312ed594eec9/resourceGroups/rg-spoke-app/providers/Microsoft.Network/privateEndpoints/private-endpoint-acr/privateDnsZoneGroups/private-dns-zone-group-acr",
                "name": "private-dns-zone-group-acr",
                "private_dns_zone_ids": [
                  "/subscriptions/59d574d4-1c03-4092-ab22-312ed594eec9/resourceGroups/rg-spoke-app/providers/Microsoft.Network/privateDnsZones/privatelink.azurecr.io"
                ]
              }
            ],
            "private_service_connection": [
              {
                "is_manual_connection": false,
                "name": "connection-acr",
                "private_connection_resource_alias": "",
                "private_connection_resource_id": "/subscriptions/59d574d4-1c03-4092-ab22-312ed594eec9/resourceGroups/rg-spoke-app/providers/Microsoft.ContainerRegistry/registries/acrforakstf0111",
                "private_ip_address": "10.1.2.4",
                "request_message": "",
                "subresource_names": [
                  "registry"
                ]
              }
            ],
            "resource_group_name": "rg-spoke-app",
            "subnet_id": "/subscriptions/59d574d4-1c03-4092-ab22-312ed594eec9/resourceGroups/rg-spoke-app/providers/Microsoft.Network/virtualNetworks/vnet-spoke/subnets/subnet-pe",
            "tags": {
              "environment": "development",
              "source": "terraform"
            },
            "timeouts": null
          },
          "sensitive_attributes": [],
          "private": "eyJlMmJmYjczMC1lY2FhLTExZTYtOGY4OC0zNDM2M2JjN2M0YzAiOnsiY3JlYXRlIjozNjAwMDAwMDAwMDAwLCJkZWxldGUiOjM2MDAwMDAwMDAwMDAsInJlYWQiOjMwMDAwMDAwMDAwMCwidXBkYXRlIjozNjAwMDAwMDAwMDAwfX0=",
          "dependencies": [
            "azurerm_container_registry.acr",
            "azurerm_private_dns_zone.private_dns_zone_acr",
            "azurerm_resource_group.rg_spoke",
            "azurerm_subnet.subnet_pe",
            "azurerm_virtual_network.vnet_spoke"
          ]
        }
      ]
    },
    {
      "mode": "managed",
      "type": "azurerm_public_ip",
      "name": "natgw_pip",
      "provider": "provider[\"registry.terraform.io/hashicorp/azurerm\"]",
      "instances": [
        {
          "index_key": 0,
          "schema_version": 0,
          "attributes": {
            "allocation_method": "Static",
            "domain_name_label": null,
            "edge_zone": "",
            "fqdn": null,
            "id": "/subscriptions/59d574d4-1c03-4092-ab22-312ed594eec9/resourceGroups/rg-spoke-aks/providers/Microsoft.Network/publicIPAddresses/public-ip-nat-gateway",
            "idle_timeout_in_minutes": 4,
            "ip_address": "20.13.124.61",
            "ip_tags": {},
            "ip_version": "IPv4",
            "location": "westeurope",
            "name": "public-ip-nat-gateway",
            "public_ip_prefix_id": null,
            "resource_group_name": "rg-spoke-aks",
            "reverse_fqdn": null,
            "sku": "Standard",
            "sku_tier": "Regional",
            "tags": {},
            "timeouts": null,
            "zones": [
              "1"
            ]
          },
          "sensitive_attributes": [],
          "private": "eyJlMmJmYjczMC1lY2FhLTExZTYtOGY4OC0zNDM2M2JjN2M0YzAiOnsiY3JlYXRlIjoxODAwMDAwMDAwMDAwLCJkZWxldGUiOjE4MDAwMDAwMDAwMDAsInJlYWQiOjMwMDAwMDAwMDAwMCwidXBkYXRlIjoxODAwMDAwMDAwMDAwfX0=",
          "dependencies": [
            "azurerm_resource_group.rg_aks"
          ]
        }
      ]
    },
    {
      "mode": "managed",
      "type": "azurerm_public_ip",
      "name": "public_ip_bastion",
      "provider": "provider[\"registry.terraform.io/hashicorp/azurerm\"]",
      "instances": [
        {
          "index_key": 0,
          "schema_version": 0,
          "attributes": {
            "allocation_method": "Static",
            "domain_name_label": null,
            "edge_zone": "",
            "fqdn": null,
            "id": "/subscriptions/59d574d4-1c03-4092-ab22-312ed594eec9/resourceGroups/rg-spoke-mgt/providers/Microsoft.Network/publicIPAddresses/public_ip_bastion",
            "idle_timeout_in_minutes": 4,
            "ip_address": "52.166.109.237",
            "ip_tags": {},
            "ip_version": "IPv4",
            "location": "westeurope",
            "name": "public_ip_bastion",
            "public_ip_prefix_id": null,
            "resource_group_name": "rg-spoke-mgt",
            "reverse_fqdn": null,
            "sku": "Standard",
            "sku_tier": "Regional",
            "tags": {
              "environment": "development",
              "source": "terraform"
            },
            "timeouts": null,
            "zones": []
          },
          "sensitive_attributes": [],
          "private": "eyJlMmJmYjczMC1lY2FhLTExZTYtOGY4OC0zNDM2M2JjN2M0YzAiOnsiY3JlYXRlIjoxODAwMDAwMDAwMDAwLCJkZWxldGUiOjE4MDAwMDAwMDAwMDAsInJlYWQiOjMwMDAwMDAwMDAwMCwidXBkYXRlIjoxODAwMDAwMDAwMDAwfX0=",
          "dependencies": [
            "azurerm_resource_group.rg_spoke_mgt"
          ]
        }
      ]
    },
    {
      "mode": "managed",
      "type": "azurerm_public_ip",
      "name": "public_ip_firewall",
      "provider": "provider[\"registry.terraform.io/hashicorp/azurerm\"].subscription_hub",
      "instances": [
        {
          "index_key": 0,
          "schema_version": 0,
          "attributes": {
            "allocation_method": "Static",
            "domain_name_label": null,
            "edge_zone": "",
            "fqdn": null,
            "id": "/subscriptions/59d574d4-1c03-4092-ab22-312ed594eec9/resourceGroups/rg-hub/providers/Microsoft.Network/publicIPAddresses/public-ip-firewall",
            "idle_timeout_in_minutes": 4,
            "ip_address": "13.69.25.226",
            "ip_tags": {},
            "ip_version": "IPv4",
            "location": "westeurope",
            "name": "public-ip-firewall",
            "public_ip_prefix_id": null,
            "resource_group_name": "rg-hub",
            "reverse_fqdn": null,
            "sku": "Standard",
            "sku_tier": "Regional",
            "tags": {},
            "timeouts": null,
            "zones": []
          },
          "sensitive_attributes": [],
          "private": "eyJlMmJmYjczMC1lY2FhLTExZTYtOGY4OC0zNDM2M2JjN2M0YzAiOnsiY3JlYXRlIjoxODAwMDAwMDAwMDAwLCJkZWxldGUiOjE4MDAwMDAwMDAwMDAsInJlYWQiOjMwMDAwMDAwMDAwMCwidXBkYXRlIjoxODAwMDAwMDAwMDAwfX0=",
          "dependencies": [
            "azurerm_resource_group.rg_hub"
          ]
        }
      ]
    },
    {
      "mode": "managed",
      "type": "azurerm_public_ip_prefix",
      "name": "natgw_ip_prefix",
      "provider": "provider[\"registry.terraform.io/hashicorp/azurerm\"]",
      "instances": [
        {
          "index_key": 0,
          "schema_version": 0,
          "attributes": {
            "id": "/subscriptions/59d574d4-1c03-4092-ab22-312ed594eec9/resourceGroups/rg-spoke-aks/providers/Microsoft.Network/publicIPPrefixes/public-ip-prefix-nat-gateway",
            "ip_prefix": "20.13.126.20/30",
            "ip_version": "IPv4",
            "location": "westeurope",
            "name": "public-ip-prefix-nat-gateway",
            "prefix_length": 30,
            "resource_group_name": "rg-spoke-aks",
            "sku": "Standard",
            "tags": {},
            "timeouts": null,
            "zones": [
              "1"
            ]
          },
          "sensitive_attributes": [],
          "private": "eyJlMmJmYjczMC1lY2FhLTExZTYtOGY4OC0zNDM2M2JjN2M0YzAiOnsiY3JlYXRlIjoxODAwMDAwMDAwMDAwLCJkZWxldGUiOjE4MDAwMDAwMDAwMDAsInJlYWQiOjMwMDAwMDAwMDAwMCwidXBkYXRlIjoxODAwMDAwMDAwMDAwfX0=",
          "dependencies": [
            "azurerm_resource_group.rg_aks"
          ]
        }
      ]
    },
    {
      "mode": "managed",
      "type": "azurerm_resource_group",
      "name": "rg_aks",
      "provider": "provider[\"registry.terraform.io/hashicorp/azurerm\"]",
      "instances": [
        {
          "schema_version": 0,
          "attributes": {
            "id": "/subscriptions/59d574d4-1c03-4092-ab22-312ed594eec9/resourceGroups/rg-spoke-aks",
            "location": "westeurope",
            "name": "rg-spoke-aks",
            "tags": {
              "environment": "development",
              "source": "terraform"
            },
            "timeouts": null
          },
          "sensitive_attributes": [],
          "private": "eyJlMmJmYjczMC1lY2FhLTExZTYtOGY4OC0zNDM2M2JjN2M0YzAiOnsiY3JlYXRlIjo1NDAwMDAwMDAwMDAwLCJkZWxldGUiOjU0MDAwMDAwMDAwMDAsInJlYWQiOjMwMDAwMDAwMDAwMCwidXBkYXRlIjo1NDAwMDAwMDAwMDAwfX0=",
          "create_before_destroy": true
        }
      ]
    },
    {
      "mode": "managed",
      "type": "azurerm_resource_group",
      "name": "rg_hub",
      "provider": "provider[\"registry.terraform.io/hashicorp/azurerm\"].subscription_hub",
      "instances": [
        {
          "schema_version": 0,
          "attributes": {
            "id": "/subscriptions/59d574d4-1c03-4092-ab22-312ed594eec9/resourceGroups/rg-hub",
            "location": "westeurope",
            "name": "rg-hub",
            "tags": {
              "environment": "development",
              "source": "terraform"
            },
            "timeouts": null
          },
          "sensitive_attributes": [],
          "private": "eyJlMmJmYjczMC1lY2FhLTExZTYtOGY4OC0zNDM2M2JjN2M0YzAiOnsiY3JlYXRlIjo1NDAwMDAwMDAwMDAwLCJkZWxldGUiOjU0MDAwMDAwMDAwMDAsInJlYWQiOjMwMDAwMDAwMDAwMCwidXBkYXRlIjo1NDAwMDAwMDAwMDAwfX0="
        }
      ]
    },
    {
      "mode": "managed",
      "type": "azurerm_resource_group",
      "name": "rg_spoke",
      "provider": "provider[\"registry.terraform.io/hashicorp/azurerm\"]",
      "instances": [
        {
          "schema_version": 0,
          "attributes": {
            "id": "/subscriptions/59d574d4-1c03-4092-ab22-312ed594eec9/resourceGroups/rg-spoke-app",
            "location": "westeurope",
            "name": "rg-spoke-app",
            "tags": {
              "environment": "development",
              "source": "terraform"
            },
            "timeouts": null
          },
          "sensitive_attributes": [],
          "private": "eyJlMmJmYjczMC1lY2FhLTExZTYtOGY4OC0zNDM2M2JjN2M0YzAiOnsiY3JlYXRlIjo1NDAwMDAwMDAwMDAwLCJkZWxldGUiOjU0MDAwMDAwMDAwMDAsInJlYWQiOjMwMDAwMDAwMDAwMCwidXBkYXRlIjo1NDAwMDAwMDAwMDAwfX0=",
          "create_before_destroy": true
        }
      ]
    },
    {
      "mode": "managed",
      "type": "azurerm_resource_group",
      "name": "rg_spoke_mgt",
      "provider": "provider[\"registry.terraform.io/hashicorp/azurerm\"]",
      "instances": [
        {
          "index_key": 0,
          "schema_version": 0,
          "attributes": {
            "id": "/subscriptions/59d574d4-1c03-4092-ab22-312ed594eec9/resourceGroups/rg-spoke-mgt",
            "location": "westeurope",
            "name": "rg-spoke-mgt",
            "tags": {
              "environment": "development",
              "source": "terraform"
            },
            "timeouts": null
          },
          "sensitive_attributes": [],
          "private": "eyJlMmJmYjczMC1lY2FhLTExZTYtOGY4OC0zNDM2M2JjN2M0YzAiOnsiY3JlYXRlIjo1NDAwMDAwMDAwMDAwLCJkZWxldGUiOjU0MDAwMDAwMDAwMDAsInJlYWQiOjMwMDAwMDAwMDAwMCwidXBkYXRlIjo1NDAwMDAwMDAwMDAwfX0="
        }
      ]
    },
    {
      "mode": "managed",
      "type": "azurerm_role_assignment",
      "name": "current_user_aks_admin",
      "provider": "provider[\"registry.terraform.io/hashicorp/azurerm\"]",
      "instances": [
        {
          "index_key": 0,
          "schema_version": 0,
          "attributes": {
            "condition": "",
            "condition_version": "",
            "delegated_managed_identity_resource_id": "",
            "description": "",
            "id": "/subscriptions/59d574d4-1c03-4092-ab22-312ed594eec9/resourceGroups/rg-spoke-aks/providers/Microsoft.ContainerService/managedClusters/aks-cluster/providers/Microsoft.Authorization/roleAssignments/88161420-1ae7-9601-7621-98793bfa9f42",
            "name": "88161420-1ae7-9601-7621-98793bfa9f42",
            "principal_id": "f97fc9ba-ebda-439e-825a-0e25801cb32c",
            "principal_type": "User",
            "role_definition_id": "/subscriptions/59d574d4-1c03-4092-ab22-312ed594eec9/providers/Microsoft.Authorization/roleDefinitions/b1ff04bb-8a4e-4dc4-8eb5-8693973ce19b",
            "role_definition_name": "Azure Kubernetes Service RBAC Cluster Admin",
            "scope": "/subscriptions/59d574d4-1c03-4092-ab22-312ed594eec9/resourceGroups/rg-spoke-aks/providers/Microsoft.ContainerService/managedClusters/aks-cluster",
            "skip_service_principal_aad_check": false,
            "timeouts": {
              "create": "2m",
              "delete": "2m",
              "read": null,
              "update": "2m"
            }
          },
          "sensitive_attributes": [],
          "private": "eyJlMmJmYjczMC1lY2FhLTExZTYtOGY4OC0zNDM2M2JjN2M0YzAiOnsiY3JlYXRlIjoxMjAwMDAwMDAwMDAsImRlbGV0ZSI6MTIwMDAwMDAwMDAwLCJyZWFkIjozMDAwMDAwMDAwMDAsInVwZGF0ZSI6MTIwMDAwMDAwMDAwfX0=",
          "dependencies": [
            "azuread_group.aks_admins",
            "azurerm_application_gateway.appgw",
            "azurerm_kubernetes_cluster.aks",
            "azurerm_log_analytics_workspace.workspace",
            "azurerm_private_dns_zone.private_dns_zone_aks",
            "azurerm_resource_group.rg_aks",
            "azurerm_resource_group.rg_spoke",
            "azurerm_subnet.subnet_nodes",
            "azurerm_subnet.subnet_pods",
            "azurerm_user_assigned_identity.identity-kubelet",
            "azurerm_user_assigned_identity.identity_aks",
            "azurerm_virtual_network.vnet_spoke",
            "data.azuread_client_config.current",
            "data.azurerm_subscription.current"
          ]
        }
      ]
    },
    {
      "mode": "managed",
      "type": "azurerm_role_assignment",
      "name": "role_acrpull",
      "provider": "provider[\"registry.terraform.io/hashicorp/azurerm\"]",
      "instances": [
        {
          "schema_version": 0,
          "attributes": {
            "condition": "",
            "condition_version": "",
            "delegated_managed_identity_resource_id": "",
            "description": "",
            "id": "/subscriptions/59d574d4-1c03-4092-ab22-312ed594eec9/resourceGroups/rg-spoke-app/providers/Microsoft.ContainerRegistry/registries/acrforakstf0111/providers/Microsoft.Authorization/roleAssignments/8111f7d4-6219-b9a2-ac90-34d3c5196950",
            "name": "8111f7d4-6219-b9a2-ac90-34d3c5196950",
            "principal_id": "8e39eaf0-328c-4228-8ed0-3b212a76b03f",
            "principal_type": "ServicePrincipal",
            "role_definition_id": "/subscriptions/59d574d4-1c03-4092-ab22-312ed594eec9/providers/Microsoft.Authorization/roleDefinitions/7f951dda-4ed3-4680-a7ca-43fe172d538d",
            "role_definition_name": "AcrPull",
            "scope": "/subscriptions/59d574d4-1c03-4092-ab22-312ed594eec9/resourceGroups/rg-spoke-app/providers/Microsoft.ContainerRegistry/registries/acrforakstf0111",
            "skip_service_principal_aad_check": true,
            "timeouts": null
          },
          "sensitive_attributes": [],
          "private": "eyJlMmJmYjczMC1lY2FhLTExZTYtOGY4OC0zNDM2M2JjN2M0YzAiOnsiY3JlYXRlIjoxODAwMDAwMDAwMDAwLCJkZWxldGUiOjE4MDAwMDAwMDAwMDAsInJlYWQiOjMwMDAwMDAwMDAwMCwidXBkYXRlIjoxODAwMDAwMDAwMDAwfX0=",
          "dependencies": [
            "azurerm_container_registry.acr",
            "azurerm_resource_group.rg_aks",
            "azurerm_resource_group.rg_spoke",
            "azurerm_user_assigned_identity.identity-kubelet"
          ]
        }
      ]
    },
    {
      "mode": "managed",
      "type": "azurerm_role_assignment",
      "name": "role_identity_aks_contributor",
      "provider": "provider[\"registry.terraform.io/hashicorp/azurerm\"]",
      "instances": [
        {
          "schema_version": 0,
          "attributes": {
            "condition": "",
            "condition_version": "",
            "delegated_managed_identity_resource_id": "",
            "description": "",
            "id": "/subscriptions/59d574d4-1c03-4092-ab22-312ed594eec9/resourceGroups/rg-spoke-aks/providers/Microsoft.Authorization/roleAssignments/311faf07-f131-83aa-b00a-04da7eb1d023",
            "name": "311faf07-f131-83aa-b00a-04da7eb1d023",
            "principal_id": "e01d7217-20fc-450d-9f49-26d9e2ee9aa9",
            "principal_type": "ServicePrincipal",
            "role_definition_id": "/subscriptions/59d574d4-1c03-4092-ab22-312ed594eec9/providers/Microsoft.Authorization/roleDefinitions/b24988ac-6180-42a0-ab88-20f7382dd24c",
            "role_definition_name": "Contributor",
            "scope": "/subscriptions/59d574d4-1c03-4092-ab22-312ed594eec9/resourceGroups/rg-spoke-aks",
            "skip_service_principal_aad_check": true,
            "timeouts": null
          },
          "sensitive_attributes": [],
          "private": "eyJlMmJmYjczMC1lY2FhLTExZTYtOGY4OC0zNDM2M2JjN2M0YzAiOnsiY3JlYXRlIjoxODAwMDAwMDAwMDAwLCJkZWxldGUiOjE4MDAwMDAwMDAwMDAsInJlYWQiOjMwMDAwMDAwMDAwMCwidXBkYXRlIjoxODAwMDAwMDAwMDAwfX0=",
          "dependencies": [
            "azurerm_resource_group.rg_aks",
            "azurerm_user_assigned_identity.identity_aks"
          ]
        }
      ]
    },
    {
      "mode": "managed",
      "type": "azurerm_role_assignment",
      "name": "role_identity_aks_mi_operator",
      "provider": "provider[\"registry.terraform.io/hashicorp/azurerm\"]",
      "instances": [
        {
          "schema_version": 0,
          "attributes": {
            "condition": "",
            "condition_version": "",
            "delegated_managed_identity_resource_id": "",
            "description": "",
            "id": "/subscriptions/59d574d4-1c03-4092-ab22-312ed594eec9/resourceGroups/rg-spoke-aks/providers/Microsoft.ManagedIdentity/userAssignedIdentities/aks-cluster-agentpool/providers/Microsoft.Authorization/roleAssignments/4d9a4df1-2adb-64c1-c0db-badd03abd0e8",
            "name": "4d9a4df1-2adb-64c1-c0db-badd03abd0e8",
            "principal_id": "e01d7217-20fc-450d-9f49-26d9e2ee9aa9",
            "principal_type": "ServicePrincipal",
            "role_definition_id": "/subscriptions/59d574d4-1c03-4092-ab22-312ed594eec9/providers/Microsoft.Authorization/roleDefinitions/f1a07417-d97a-45cb-824c-7a7467783830",
            "role_definition_name": "Managed Identity Operator",
            "scope": "/subscriptions/59d574d4-1c03-4092-ab22-312ed594eec9/resourceGroups/rg-spoke-aks/providers/Microsoft.ManagedIdentity/userAssignedIdentities/aks-cluster-agentpool",
            "skip_service_principal_aad_check": true,
            "timeouts": null
          },
          "sensitive_attributes": [],
          "private": "eyJlMmJmYjczMC1lY2FhLTExZTYtOGY4OC0zNDM2M2JjN2M0YzAiOnsiY3JlYXRlIjoxODAwMDAwMDAwMDAwLCJkZWxldGUiOjE4MDAwMDAwMDAwMDAsInJlYWQiOjMwMDAwMDAwMDAwMCwidXBkYXRlIjoxODAwMDAwMDAwMDAwfX0=",
          "dependencies": [
            "azurerm_resource_group.rg_aks",
            "azurerm_user_assigned_identity.identity-kubelet",
            "azurerm_user_assigned_identity.identity_aks"
          ]
        }
      ]
    },
    {
      "mode": "managed",
      "type": "azurerm_role_assignment",
      "name": "role_identity_aks_network_contributor",
      "provider": "provider[\"registry.terraform.io/hashicorp/azurerm\"]",
      "instances": [
        {
          "schema_version": 0,
          "attributes": {
            "condition": "",
            "condition_version": "",
            "delegated_managed_identity_resource_id": "",
            "description": "",
            "id": "/subscriptions/59d574d4-1c03-4092-ab22-312ed594eec9/resourceGroups/rg-spoke-app/providers/Microsoft.Network/virtualNetworks/vnet-spoke/providers/Microsoft.Authorization/roleAssignments/c2b04df0-4b0e-ed8a-3b15-8d0beaf158bc",
            "name": "c2b04df0-4b0e-ed8a-3b15-8d0beaf158bc",
            "principal_id": "e01d7217-20fc-450d-9f49-26d9e2ee9aa9",
            "principal_type": "ServicePrincipal",
            "role_definition_id": "/subscriptions/59d574d4-1c03-4092-ab22-312ed594eec9/providers/Microsoft.Authorization/roleDefinitions/4d97b98b-1d4f-4787-a291-c67834d212e7",
            "role_definition_name": "Network Contributor",
            "scope": "/subscriptions/59d574d4-1c03-4092-ab22-312ed594eec9/resourceGroups/rg-spoke-app/providers/Microsoft.Network/virtualNetworks/vnet-spoke",
            "skip_service_principal_aad_check": true,
            "timeouts": null
          },
          "sensitive_attributes": [],
          "private": "eyJlMmJmYjczMC1lY2FhLTExZTYtOGY4OC0zNDM2M2JjN2M0YzAiOnsiY3JlYXRlIjoxODAwMDAwMDAwMDAwLCJkZWxldGUiOjE4MDAwMDAwMDAwMDAsInJlYWQiOjMwMDAwMDAwMDAwMCwidXBkYXRlIjoxODAwMDAwMDAwMDAwfX0=",
          "dependencies": [
            "azurerm_resource_group.rg_aks",
            "azurerm_resource_group.rg_spoke",
            "azurerm_user_assigned_identity.identity_aks",
            "azurerm_virtual_network.vnet_spoke"
          ]
        }
      ]
    },
    {
      "mode": "managed",
      "type": "azurerm_role_assignment",
      "name": "role_private_dns_zone_aks_contributor",
      "provider": "provider[\"registry.terraform.io/hashicorp/azurerm\"]",
      "instances": [
        {
          "index_key": 0,
          "schema_version": 0,
          "attributes": {
            "condition": "",
            "condition_version": "",
            "delegated_managed_identity_resource_id": "",
            "description": "",
            "id": "/subscriptions/59d574d4-1c03-4092-ab22-312ed594eec9/resourceGroups/rg-spoke-aks/providers/Microsoft.Network/privateDnsZones/privatelink.westeurope.azmk8s.io/providers/Microsoft.Authorization/roleAssignments/243ed11d-ef5b-9ae3-6f86-1fea1ff0d292",
            "name": "243ed11d-ef5b-9ae3-6f86-1fea1ff0d292",
            "principal_id": "e01d7217-20fc-450d-9f49-26d9e2ee9aa9",
            "principal_type": "ServicePrincipal",
            "role_definition_id": "/subscriptions/59d574d4-1c03-4092-ab22-312ed594eec9/providers/Microsoft.Authorization/roleDefinitions/b12aa53e-6015-4669-85d0-8515ebb3ae7f",
            "role_definition_name": "Private DNS Zone Contributor",
            "scope": "/subscriptions/59d574d4-1c03-4092-ab22-312ed594eec9/resourceGroups/rg-spoke-aks/providers/Microsoft.Network/privateDnsZones/privatelink.westeurope.azmk8s.io",
            "skip_service_principal_aad_check": null,
            "timeouts": null
          },
          "sensitive_attributes": [],
          "private": "eyJlMmJmYjczMC1lY2FhLTExZTYtOGY4OC0zNDM2M2JjN2M0YzAiOnsiY3JlYXRlIjoxODAwMDAwMDAwMDAwLCJkZWxldGUiOjE4MDAwMDAwMDAwMDAsInJlYWQiOjMwMDAwMDAwMDAwMCwidXBkYXRlIjoxODAwMDAwMDAwMDAwfX0=",
          "dependencies": [
            "azurerm_private_dns_zone.private_dns_zone_aks",
            "azurerm_resource_group.rg_aks",
            "azurerm_user_assigned_identity.identity_aks"
          ]
        }
      ]
    },
    {
      "mode": "managed",
      "type": "azurerm_route_table",
      "name": "route_table_subnet_mgt",
      "provider": "provider[\"registry.terraform.io/hashicorp/azurerm\"]",
      "instances": [
        {
          "index_key": 0,
          "schema_version": 0,
          "attributes": {
            "disable_bgp_route_propagation": false,
            "id": "/subscriptions/59d574d4-1c03-4092-ab22-312ed594eec9/resourceGroups/rg-spoke-mgt/providers/Microsoft.Network/routeTables/route_table_subnet_mgt",
            "location": "westeurope",
            "name": "route_table_subnet_mgt",
            "resource_group_name": "rg-spoke-mgt",
            "route": [
              {
                "address_prefix": "0.0.0.0/0",
                "name": "route_to_firewall",
                "next_hop_in_ip_address": "172.16.0.4",
                "next_hop_type": "VirtualAppliance"
              }
            ],
            "subnets": [
              "/subscriptions/59d574d4-1c03-4092-ab22-312ed594eec9/resourceGroups/rg-spoke-mgt/providers/Microsoft.Network/virtualNetworks/vnet-spoke-mgt1/subnets/subnet-mgt"
            ],
            "tags": {},
            "timeouts": null
          },
          "sensitive_attributes": [],
          "private": "eyJlMmJmYjczMC1lY2FhLTExZTYtOGY4OC0zNDM2M2JjN2M0YzAiOnsiY3JlYXRlIjoxODAwMDAwMDAwMDAwLCJkZWxldGUiOjE4MDAwMDAwMDAwMDAsInJlYWQiOjMwMDAwMDAwMDAwMCwidXBkYXRlIjoxODAwMDAwMDAwMDAwfX0=",
          "dependencies": [
            "azurerm_firewall.firewall",
            "azurerm_public_ip.public_ip_firewall",
            "azurerm_resource_group.rg_hub",
            "azurerm_resource_group.rg_spoke_mgt",
            "azurerm_subnet.subnet_firewall",
            "azurerm_virtual_network.vnet_hub"
          ]
        }
      ]
    },
    {
      "mode": "managed",
      "type": "azurerm_subnet",
      "name": "subnet_bastion",
      "provider": "provider[\"registry.terraform.io/hashicorp/azurerm\"]",
      "instances": [
        {
          "index_key": 0,
          "schema_version": 0,
          "attributes": {
            "address_prefixes": [
              "10.2.1.0/27"
            ],
            "delegation": [],
            "enforce_private_link_endpoint_network_policies": false,
            "enforce_private_link_service_network_policies": false,
            "id": "/subscriptions/59d574d4-1c03-4092-ab22-312ed594eec9/resourceGroups/rg-spoke-mgt/providers/Microsoft.Network/virtualNetworks/vnet-spoke-mgt1/subnets/AzureBastionSubnet",
            "name": "AzureBastionSubnet",
            "private_endpoint_network_policies_enabled": true,
            "private_link_service_network_policies_enabled": true,
            "resource_group_name": "rg-spoke-mgt",
            "service_endpoint_policy_ids": [],
            "service_endpoints": [],
            "timeouts": null,
            "virtual_network_name": "vnet-spoke-mgt1"
          },
          "sensitive_attributes": [],
          "private": "eyJlMmJmYjczMC1lY2FhLTExZTYtOGY4OC0zNDM2M2JjN2M0YzAiOnsiY3JlYXRlIjoxODAwMDAwMDAwMDAwLCJkZWxldGUiOjE4MDAwMDAwMDAwMDAsInJlYWQiOjMwMDAwMDAwMDAwMCwidXBkYXRlIjoxODAwMDAwMDAwMDAwfX0=",
          "dependencies": [
            "azurerm_firewall.firewall",
            "azurerm_public_ip.public_ip_firewall",
            "azurerm_resource_group.rg_hub",
            "azurerm_resource_group.rg_spoke_mgt",
            "azurerm_subnet.subnet_firewall",
            "azurerm_virtual_network.vnet_hub",
            "azurerm_virtual_network.vnet_spoke_mgt"
          ]
        }
      ]
    },
    {
      "mode": "managed",
      "type": "azurerm_subnet",
      "name": "subnet_firewall",
      "provider": "provider[\"registry.terraform.io/hashicorp/azurerm\"].subscription_hub",
      "instances": [
        {
          "index_key": 0,
          "schema_version": 0,
          "attributes": {
            "address_prefixes": [
              "172.16.0.0/26"
            ],
            "delegation": [],
            "enforce_private_link_endpoint_network_policies": true,
            "enforce_private_link_service_network_policies": false,
            "id": "/subscriptions/59d574d4-1c03-4092-ab22-312ed594eec9/resourceGroups/rg-hub/providers/Microsoft.Network/virtualNetworks/vnet-hub/subnets/AzureFirewallSubnet",
            "name": "AzureFirewallSubnet",
            "private_endpoint_network_policies_enabled": false,
            "private_link_service_network_policies_enabled": true,
            "resource_group_name": "rg-hub",
            "service_endpoint_policy_ids": [],
            "service_endpoints": [],
            "timeouts": null,
            "virtual_network_name": "vnet-hub"
          },
          "sensitive_attributes": [],
          "private": "eyJlMmJmYjczMC1lY2FhLTExZTYtOGY4OC0zNDM2M2JjN2M0YzAiOnsiY3JlYXRlIjoxODAwMDAwMDAwMDAwLCJkZWxldGUiOjE4MDAwMDAwMDAwMDAsInJlYWQiOjMwMDAwMDAwMDAwMCwidXBkYXRlIjoxODAwMDAwMDAwMDAwfX0=",
          "dependencies": [
            "azurerm_resource_group.rg_hub",
            "azurerm_virtual_network.vnet_hub"
          ]
        }
      ]
    },
    {
      "mode": "managed",
      "type": "azurerm_subnet",
      "name": "subnet_mgt",
      "provider": "provider[\"registry.terraform.io/hashicorp/azurerm\"]",
      "instances": [
        {
          "index_key": 0,
          "schema_version": 0,
          "attributes": {
            "address_prefixes": [
              "10.2.0.0/24"
            ],
            "delegation": [],
            "enforce_private_link_endpoint_network_policies": false,
            "enforce_private_link_service_network_policies": false,
            "id": "/subscriptions/59d574d4-1c03-4092-ab22-312ed594eec9/resourceGroups/rg-spoke-mgt/providers/Microsoft.Network/virtualNetworks/vnet-spoke-mgt1/subnets/subnet-mgt",
            "name": "subnet-mgt",
            "private_endpoint_network_policies_enabled": true,
            "private_link_service_network_policies_enabled": true,
            "resource_group_name": "rg-spoke-mgt",
            "service_endpoint_policy_ids": [],
            "service_endpoints": [],
            "timeouts": null,
            "virtual_network_name": "vnet-spoke-mgt1"
          },
          "sensitive_attributes": [],
          "private": "eyJlMmJmYjczMC1lY2FhLTExZTYtOGY4OC0zNDM2M2JjN2M0YzAiOnsiY3JlYXRlIjoxODAwMDAwMDAwMDAwLCJkZWxldGUiOjE4MDAwMDAwMDAwMDAsInJlYWQiOjMwMDAwMDAwMDAwMCwidXBkYXRlIjoxODAwMDAwMDAwMDAwfX0=",
          "dependencies": [
            "azurerm_firewall.firewall",
            "azurerm_public_ip.public_ip_firewall",
            "azurerm_resource_group.rg_hub",
            "azurerm_resource_group.rg_spoke_mgt",
            "azurerm_subnet.subnet_firewall",
            "azurerm_virtual_network.vnet_hub",
            "azurerm_virtual_network.vnet_spoke_mgt"
          ]
        }
      ]
    },
    {
      "mode": "managed",
      "type": "azurerm_subnet",
      "name": "subnet_nodes",
      "provider": "provider[\"registry.terraform.io/hashicorp/azurerm\"]",
      "instances": [
        {
          "schema_version": 0,
          "attributes": {
            "address_prefixes": [
              "10.1.3.0/24"
            ],
            "delegation": [],
            "enforce_private_link_endpoint_network_policies": true,
            "enforce_private_link_service_network_policies": false,
            "id": "/subscriptions/59d574d4-1c03-4092-ab22-312ed594eec9/resourceGroups/rg-spoke-app/providers/Microsoft.Network/virtualNetworks/vnet-spoke/subnets/subnet-aks-nodes",
            "name": "subnet-aks-nodes",
            "private_endpoint_network_policies_enabled": false,
            "private_link_service_network_policies_enabled": true,
            "resource_group_name": "rg-spoke-app",
            "service_endpoint_policy_ids": [],
            "service_endpoints": [],
            "timeouts": null,
            "virtual_network_name": "vnet-spoke"
          },
          "sensitive_attributes": [],
          "private": "eyJlMmJmYjczMC1lY2FhLTExZTYtOGY4OC0zNDM2M2JjN2M0YzAiOnsiY3JlYXRlIjoxODAwMDAwMDAwMDAwLCJkZWxldGUiOjE4MDAwMDAwMDAwMDAsInJlYWQiOjMwMDAwMDAwMDAwMCwidXBkYXRlIjoxODAwMDAwMDAwMDAwfX0=",
          "dependencies": [
            "azurerm_resource_group.rg_spoke",
            "azurerm_virtual_network.vnet_spoke"
          ]
        }
      ]
    },
    {
      "mode": "managed",
      "type": "azurerm_subnet",
      "name": "subnet_pe",
      "provider": "provider[\"registry.terraform.io/hashicorp/azurerm\"]",
      "instances": [
        {
          "index_key": 0,
          "schema_version": 0,
          "attributes": {
            "address_prefixes": [
              "10.1.2.0/28"
            ],
            "delegation": [],
            "enforce_private_link_endpoint_network_policies": false,
            "enforce_private_link_service_network_policies": false,
            "id": "/subscriptions/59d574d4-1c03-4092-ab22-312ed594eec9/resourceGroups/rg-spoke-app/providers/Microsoft.Network/virtualNetworks/vnet-spoke/subnets/subnet-pe",
            "name": "subnet-pe",
            "private_endpoint_network_policies_enabled": true,
            "private_link_service_network_policies_enabled": true,
            "resource_group_name": "rg-spoke-app",
            "service_endpoint_policy_ids": [],
            "service_endpoints": [],
            "timeouts": null,
            "virtual_network_name": "vnet-spoke"
          },
          "sensitive_attributes": [],
          "private": "eyJlMmJmYjczMC1lY2FhLTExZTYtOGY4OC0zNDM2M2JjN2M0YzAiOnsiY3JlYXRlIjoxODAwMDAwMDAwMDAwLCJkZWxldGUiOjE4MDAwMDAwMDAwMDAsInJlYWQiOjMwMDAwMDAwMDAwMCwidXBkYXRlIjoxODAwMDAwMDAwMDAwfX0=",
          "dependencies": [
            "azurerm_resource_group.rg_spoke",
            "azurerm_virtual_network.vnet_spoke"
          ]
        }
      ]
    },
    {
      "mode": "managed",
      "type": "azurerm_subnet",
      "name": "subnet_pods",
      "provider": "provider[\"registry.terraform.io/hashicorp/azurerm\"]",
      "instances": [
        {
          "schema_version": 0,
          "attributes": {
            "address_prefixes": [
              "10.1.4.0/24"
            ],
            "delegation": [
              {
                "name": "aks-delegation",
                "service_delegation": [
                  {
                    "actions": [
                      "Microsoft.Network/virtualNetworks/subnets/join/action"
                    ],
                    "name": "Microsoft.ContainerService/managedClusters"
                  }
                ]
              }
            ],
            "enforce_private_link_endpoint_network_policies": false,
            "enforce_private_link_service_network_policies": false,
            "id": "/subscriptions/59d574d4-1c03-4092-ab22-312ed594eec9/resourceGroups/rg-spoke-app/providers/Microsoft.Network/virtualNetworks/vnet-spoke/subnets/subnet-aks-pods",
            "name": "subnet-aks-pods",
            "private_endpoint_network_policies_enabled": true,
            "private_link_service_network_policies_enabled": true,
            "resource_group_name": "rg-spoke-app",
            "service_endpoint_policy_ids": [],
            "service_endpoints": [],
            "timeouts": null,
            "virtual_network_name": "vnet-spoke"
          },
          "sensitive_attributes": [],
          "private": "eyJlMmJmYjczMC1lY2FhLTExZTYtOGY4OC0zNDM2M2JjN2M0YzAiOnsiY3JlYXRlIjoxODAwMDAwMDAwMDAwLCJkZWxldGUiOjE4MDAwMDAwMDAwMDAsInJlYWQiOjMwMDAwMDAwMDAwMCwidXBkYXRlIjoxODAwMDAwMDAwMDAwfX0=",
          "dependencies": [
            "azurerm_resource_group.rg_spoke",
            "azurerm_virtual_network.vnet_spoke"
          ]
        }
      ]
    },
    {
      "mode": "managed",
      "type": "azurerm_subnet_nat_gateway_association",
      "name": "subnetnodes_assoc",
      "provider": "provider[\"registry.terraform.io/hashicorp/azurerm\"]",
      "instances": [
        {
          "index_key": 0,
          "schema_version": 0,
          "attributes": {
            "id": "/subscriptions/59d574d4-1c03-4092-ab22-312ed594eec9/resourceGroups/rg-spoke-app/providers/Microsoft.Network/virtualNetworks/vnet-spoke/subnets/subnet-aks-nodes",
            "nat_gateway_id": "/subscriptions/59d574d4-1c03-4092-ab22-312ed594eec9/resourceGroups/rg-spoke-aks/providers/Microsoft.Network/natGateways/nat-gateway",
            "subnet_id": "/subscriptions/59d574d4-1c03-4092-ab22-312ed594eec9/resourceGroups/rg-spoke-app/providers/Microsoft.Network/virtualNetworks/vnet-spoke/subnets/subnet-aks-nodes",
            "timeouts": null
          },
          "sensitive_attributes": [],
          "private": "eyJlMmJmYjczMC1lY2FhLTExZTYtOGY4OC0zNDM2M2JjN2M0YzAiOnsiY3JlYXRlIjoxODAwMDAwMDAwMDAwLCJkZWxldGUiOjE4MDAwMDAwMDAwMDAsInJlYWQiOjMwMDAwMDAwMDAwMCwidXBkYXRlIjoxODAwMDAwMDAwMDAwfX0=",
          "dependencies": [
            "azurerm_nat_gateway.natgw",
            "azurerm_resource_group.rg_aks",
            "azurerm_resource_group.rg_spoke",
            "azurerm_subnet.subnet_nodes",
            "azurerm_virtual_network.vnet_spoke"
          ]
        }
      ]
    },
    {
      "mode": "managed",
      "type": "azurerm_subnet_nat_gateway_association",
      "name": "subnetpods_assoc",
      "provider": "provider[\"registry.terraform.io/hashicorp/azurerm\"]",
      "instances": [
        {
          "index_key": 0,
          "schema_version": 0,
          "attributes": {
            "id": "/subscriptions/59d574d4-1c03-4092-ab22-312ed594eec9/resourceGroups/rg-spoke-app/providers/Microsoft.Network/virtualNetworks/vnet-spoke/subnets/subnet-aks-pods",
            "nat_gateway_id": "/subscriptions/59d574d4-1c03-4092-ab22-312ed594eec9/resourceGroups/rg-spoke-aks/providers/Microsoft.Network/natGateways/nat-gateway",
            "subnet_id": "/subscriptions/59d574d4-1c03-4092-ab22-312ed594eec9/resourceGroups/rg-spoke-app/providers/Microsoft.Network/virtualNetworks/vnet-spoke/subnets/subnet-aks-pods",
            "timeouts": null
          },
          "sensitive_attributes": [],
          "private": "eyJlMmJmYjczMC1lY2FhLTExZTYtOGY4OC0zNDM2M2JjN2M0YzAiOnsiY3JlYXRlIjoxODAwMDAwMDAwMDAwLCJkZWxldGUiOjE4MDAwMDAwMDAwMDAsInJlYWQiOjMwMDAwMDAwMDAwMCwidXBkYXRlIjoxODAwMDAwMDAwMDAwfX0=",
          "dependencies": [
            "azurerm_nat_gateway.natgw",
            "azurerm_resource_group.rg_aks",
            "azurerm_resource_group.rg_spoke",
            "azurerm_subnet.subnet_pods",
            "azurerm_virtual_network.vnet_spoke"
          ]
        }
      ]
    },
    {
      "mode": "managed",
      "type": "azurerm_subnet_route_table_association",
      "name": "association_route_table_subnet_mgt",
      "provider": "provider[\"registry.terraform.io/hashicorp/azurerm\"]",
      "instances": [
        {
          "index_key": 0,
          "schema_version": 0,
          "attributes": {
            "id": "/subscriptions/59d574d4-1c03-4092-ab22-312ed594eec9/resourceGroups/rg-spoke-mgt/providers/Microsoft.Network/virtualNetworks/vnet-spoke-mgt1/subnets/subnet-mgt",
            "route_table_id": "/subscriptions/59d574d4-1c03-4092-ab22-312ed594eec9/resourceGroups/rg-spoke-mgt/providers/Microsoft.Network/routeTables/route_table_subnet_mgt",
            "subnet_id": "/subscriptions/59d574d4-1c03-4092-ab22-312ed594eec9/resourceGroups/rg-spoke-mgt/providers/Microsoft.Network/virtualNetworks/vnet-spoke-mgt1/subnets/subnet-mgt",
            "timeouts": null
          },
          "sensitive_attributes": [],
          "private": "eyJlMmJmYjczMC1lY2FhLTExZTYtOGY4OC0zNDM2M2JjN2M0YzAiOnsiY3JlYXRlIjoxODAwMDAwMDAwMDAwLCJkZWxldGUiOjE4MDAwMDAwMDAwMDAsInJlYWQiOjMwMDAwMDAwMDAwMCwidXBkYXRlIjoxODAwMDAwMDAwMDAwfX0=",
          "dependencies": [
            "azurerm_firewall.firewall",
            "azurerm_public_ip.public_ip_firewall",
            "azurerm_resource_group.rg_hub",
            "azurerm_resource_group.rg_spoke_mgt",
            "azurerm_route_table.route_table_subnet_mgt",
            "azurerm_subnet.subnet_firewall",
            "azurerm_subnet.subnet_mgt",
            "azurerm_virtual_network.vnet_hub",
            "azurerm_virtual_network.vnet_spoke_mgt"
          ]
        }
      ]
    },
    {
      "mode": "managed",
      "type": "azurerm_user_assigned_identity",
      "name": "identity-kubelet",
      "provider": "provider[\"registry.terraform.io/hashicorp/azurerm\"]",
      "instances": [
        {
          "schema_version": 1,
          "attributes": {
            "client_id": "07767af2-08e2-4851-a7ca-7811e018f8cd",
            "id": "/subscriptions/59d574d4-1c03-4092-ab22-312ed594eec9/resourceGroups/rg-spoke-aks/providers/Microsoft.ManagedIdentity/userAssignedIdentities/aks-cluster-agentpool",
            "location": "westeurope",
            "name": "aks-cluster-agentpool",
            "principal_id": "8e39eaf0-328c-4228-8ed0-3b212a76b03f",
            "resource_group_name": "rg-spoke-aks",
            "tags": {
              "environment": "development",
              "source": "terraform"
            },
            "tenant_id": "558506eb-9459-4ef3-b920-ad55c555e729",
            "timeouts": null
          },
          "sensitive_attributes": [],
          "private": "eyJlMmJmYjczMC1lY2FhLTExZTYtOGY4OC0zNDM2M2JjN2M0YzAiOnsiY3JlYXRlIjoxODAwMDAwMDAwMDAwLCJkZWxldGUiOjE4MDAwMDAwMDAwMDAsInJlYWQiOjMwMDAwMDAwMDAwMCwidXBkYXRlIjoxODAwMDAwMDAwMDAwfSwic2NoZW1hX3ZlcnNpb24iOiIxIn0=",
          "dependencies": [
            "azurerm_resource_group.rg_aks"
          ]
        }
      ]
    },
    {
      "mode": "managed",
      "type": "azurerm_user_assigned_identity",
      "name": "identity_aks",
      "provider": "provider[\"registry.terraform.io/hashicorp/azurerm\"]",
      "instances": [
        {
          "schema_version": 1,
          "attributes": {
            "client_id": "5501e6e8-1a58-41ad-a9fa-df80cc763dbc",
            "id": "/subscriptions/59d574d4-1c03-4092-ab22-312ed594eec9/resourceGroups/rg-spoke-aks/providers/Microsoft.ManagedIdentity/userAssignedIdentities/identity_aks",
            "location": "westeurope",
            "name": "identity_aks",
            "principal_id": "e01d7217-20fc-450d-9f49-26d9e2ee9aa9",
            "resource_group_name": "rg-spoke-aks",
            "tags": {
              "environment": "development",
              "source": "terraform"
            },
            "tenant_id": "558506eb-9459-4ef3-b920-ad55c555e729",
            "timeouts": null
          },
          "sensitive_attributes": [],
          "private": "eyJlMmJmYjczMC1lY2FhLTExZTYtOGY4OC0zNDM2M2JjN2M0YzAiOnsiY3JlYXRlIjoxODAwMDAwMDAwMDAwLCJkZWxldGUiOjE4MDAwMDAwMDAwMDAsInJlYWQiOjMwMDAwMDAwMDAwMCwidXBkYXRlIjoxODAwMDAwMDAwMDAwfSwic2NoZW1hX3ZlcnNpb24iOiIxIn0=",
          "dependencies": [
            "azurerm_resource_group.rg_aks"
          ]
        }
      ]
    },
    {
      "mode": "managed",
      "type": "azurerm_virtual_network",
      "name": "vnet_hub",
      "provider": "provider[\"registry.terraform.io/hashicorp/azurerm\"].subscription_hub",
      "instances": [
        {
          "index_key": 0,
          "schema_version": 0,
          "attributes": {
            "address_space": [
              "172.16.0.0/16"
            ],
            "bgp_community": "",
            "ddos_protection_plan": [],
            "dns_servers": [],
            "edge_zone": "",
            "flow_timeout_in_minutes": 0,
            "guid": "ce1ed94b-0fba-403b-b1a5-11672e944595",
            "id": "/subscriptions/59d574d4-1c03-4092-ab22-312ed594eec9/resourceGroups/rg-hub/providers/Microsoft.Network/virtualNetworks/vnet-hub",
            "location": "westeurope",
            "name": "vnet-hub",
            "resource_group_name": "rg-hub",
            "subnet": [
              {
                "address_prefix": "172.16.0.0/26",
                "id": "/subscriptions/59d574d4-1c03-4092-ab22-312ed594eec9/resourceGroups/rg-hub/providers/Microsoft.Network/virtualNetworks/vnet-hub/subnets/AzureFirewallSubnet",
                "name": "AzureFirewallSubnet",
                "security_group": ""
              }
            ],
            "tags": {},
            "timeouts": null
          },
          "sensitive_attributes": [],
          "private": "eyJlMmJmYjczMC1lY2FhLTExZTYtOGY4OC0zNDM2M2JjN2M0YzAiOnsiY3JlYXRlIjoxODAwMDAwMDAwMDAwLCJkZWxldGUiOjE4MDAwMDAwMDAwMDAsInJlYWQiOjMwMDAwMDAwMDAwMCwidXBkYXRlIjoxODAwMDAwMDAwMDAwfX0=",
          "dependencies": [
            "azurerm_resource_group.rg_hub"
          ]
        }
      ]
    },
    {
      "mode": "managed",
      "type": "azurerm_virtual_network",
      "name": "vnet_spoke",
      "provider": "provider[\"registry.terraform.io/hashicorp/azurerm\"]",
      "instances": [
        {
          "schema_version": 0,
          "attributes": {
            "address_space": [
              "10.1.0.0/16"
            ],
            "bgp_community": "",
            "ddos_protection_plan": [],
            "dns_servers": [],
            "edge_zone": "",
            "flow_timeout_in_minutes": 0,
            "guid": "138ef712-b6d5-44ce-8adf-9cd34707fecd",
            "id": "/subscriptions/59d574d4-1c03-4092-ab22-312ed594eec9/resourceGroups/rg-spoke-app/providers/Microsoft.Network/virtualNetworks/vnet-spoke",
            "location": "westeurope",
            "name": "vnet-spoke",
            "resource_group_name": "rg-spoke-app",
            "subnet": [
              {
                "address_prefix": "10.1.2.0/28",
                "id": "/subscriptions/59d574d4-1c03-4092-ab22-312ed594eec9/resourceGroups/rg-spoke-app/providers/Microsoft.Network/virtualNetworks/vnet-spoke/subnets/subnet-pe",
                "name": "subnet-pe",
                "security_group": ""
              },
              {
                "address_prefix": "10.1.3.0/24",
                "id": "/subscriptions/59d574d4-1c03-4092-ab22-312ed594eec9/resourceGroups/rg-spoke-app/providers/Microsoft.Network/virtualNetworks/vnet-spoke/subnets/subnet-aks-nodes",
                "name": "subnet-aks-nodes",
                "security_group": ""
              },
              {
                "address_prefix": "10.1.4.0/24",
                "id": "/subscriptions/59d574d4-1c03-4092-ab22-312ed594eec9/resourceGroups/rg-spoke-app/providers/Microsoft.Network/virtualNetworks/vnet-spoke/subnets/subnet-aks-pods",
                "name": "subnet-aks-pods",
                "security_group": ""
              }
            ],
            "tags": {
              "environment": "development",
              "source": "terraform"
            },
            "timeouts": null
          },
          "sensitive_attributes": [],
          "private": "eyJlMmJmYjczMC1lY2FhLTExZTYtOGY4OC0zNDM2M2JjN2M0YzAiOnsiY3JlYXRlIjoxODAwMDAwMDAwMDAwLCJkZWxldGUiOjE4MDAwMDAwMDAwMDAsInJlYWQiOjMwMDAwMDAwMDAwMCwidXBkYXRlIjoxODAwMDAwMDAwMDAwfX0=",
          "dependencies": [
            "azurerm_resource_group.rg_spoke"
          ],
          "create_before_destroy": true
        }
      ]
    },
    {
      "mode": "managed",
      "type": "azurerm_virtual_network",
      "name": "vnet_spoke_mgt",
      "provider": "provider[\"registry.terraform.io/hashicorp/azurerm\"]",
      "instances": [
        {
          "index_key": 0,
          "schema_version": 0,
          "attributes": {
            "address_space": [
              "10.2.0.0/16"
            ],
            "bgp_community": "",
            "ddos_protection_plan": [],
            "dns_servers": [
              "172.16.0.4"
            ],
            "edge_zone": "",
            "flow_timeout_in_minutes": 0,
            "guid": "1dff3e79-8ae6-4954-8d0f-60658d962501",
            "id": "/subscriptions/59d574d4-1c03-4092-ab22-312ed594eec9/resourceGroups/rg-spoke-mgt/providers/Microsoft.Network/virtualNetworks/vnet-spoke-mgt1",
            "location": "westeurope",
            "name": "vnet-spoke-mgt1",
            "resource_group_name": "rg-spoke-mgt",
            "subnet": [
              {
                "address_prefix": "10.2.0.0/24",
                "id": "/subscriptions/59d574d4-1c03-4092-ab22-312ed594eec9/resourceGroups/rg-spoke-mgt/providers/Microsoft.Network/virtualNetworks/vnet-spoke-mgt1/subnets/subnet-mgt",
                "name": "subnet-mgt",
                "security_group": ""
              },
              {
                "address_prefix": "10.2.1.0/27",
                "id": "/subscriptions/59d574d4-1c03-4092-ab22-312ed594eec9/resourceGroups/rg-spoke-mgt/providers/Microsoft.Network/virtualNetworks/vnet-spoke-mgt1/subnets/AzureBastionSubnet",
                "name": "AzureBastionSubnet",
                "security_group": ""
              }
            ],
            "tags": {
              "environment": "development",
              "source": "terraform"
            },
            "timeouts": null
          },
          "sensitive_attributes": [],
          "private": "eyJlMmJmYjczMC1lY2FhLTExZTYtOGY4OC0zNDM2M2JjN2M0YzAiOnsiY3JlYXRlIjoxODAwMDAwMDAwMDAwLCJkZWxldGUiOjE4MDAwMDAwMDAwMDAsInJlYWQiOjMwMDAwMDAwMDAwMCwidXBkYXRlIjoxODAwMDAwMDAwMDAwfX0=",
          "dependencies": [
            "azurerm_firewall.firewall",
            "azurerm_public_ip.public_ip_firewall",
            "azurerm_resource_group.rg_hub",
            "azurerm_resource_group.rg_spoke_mgt",
            "azurerm_subnet.subnet_firewall",
            "azurerm_virtual_network.vnet_hub"
          ]
        }
      ]
    },
    {
      "mode": "managed",
      "type": "azurerm_virtual_network_peering",
      "name": "vnet_peering_hub_to_spoke",
      "provider": "provider[\"registry.terraform.io/hashicorp/azurerm\"].subscription_hub",
      "instances": [
        {
          "index_key": 0,
          "schema_version": 0,
          "attributes": {
            "allow_forwarded_traffic": true,
            "allow_gateway_transit": false,
            "allow_virtual_network_access": true,
            "id": "/subscriptions/59d574d4-1c03-4092-ab22-312ed594eec9/resourceGroups/rg-hub/providers/Microsoft.Network/virtualNetworks/vnet-hub/virtualNetworkPeerings/vnet_peering_hub_to_spoke",
            "name": "vnet_peering_hub_to_spoke",
            "remote_virtual_network_id": "/subscriptions/59d574d4-1c03-4092-ab22-312ed594eec9/resourceGroups/rg-spoke-app/providers/Microsoft.Network/virtualNetworks/vnet-spoke",
            "resource_group_name": "rg-hub",
            "timeouts": null,
            "use_remote_gateways": false,
            "virtual_network_name": "vnet-hub"
          },
          "sensitive_attributes": [],
          "private": "eyJlMmJmYjczMC1lY2FhLTExZTYtOGY4OC0zNDM2M2JjN2M0YzAiOnsiY3JlYXRlIjoxODAwMDAwMDAwMDAwLCJkZWxldGUiOjE4MDAwMDAwMDAwMDAsInJlYWQiOjMwMDAwMDAwMDAwMCwidXBkYXRlIjoxODAwMDAwMDAwMDAwfX0=",
          "dependencies": [
            "azurerm_resource_group.rg_hub",
            "azurerm_resource_group.rg_spoke",
            "azurerm_virtual_network.vnet_hub",
            "azurerm_virtual_network.vnet_spoke"
          ]
        }
      ]
    },
    {
      "mode": "managed",
      "type": "azurerm_virtual_network_peering",
      "name": "vnet_peering_hub_to_spoke_mgt",
      "provider": "provider[\"registry.terraform.io/hashicorp/azurerm\"].subscription_hub",
      "instances": [
        {
          "index_key": 0,
          "schema_version": 0,
          "attributes": {
            "allow_forwarded_traffic": true,
            "allow_gateway_transit": false,
            "allow_virtual_network_access": true,
            "id": "/subscriptions/59d574d4-1c03-4092-ab22-312ed594eec9/resourceGroups/rg-hub/providers/Microsoft.Network/virtualNetworks/vnet-hub/virtualNetworkPeerings/vnet_peering_hub_to_spoke_mgt",
            "name": "vnet_peering_hub_to_spoke_mgt",
            "remote_virtual_network_id": "/subscriptions/59d574d4-1c03-4092-ab22-312ed594eec9/resourceGroups/rg-spoke-mgt/providers/Microsoft.Network/virtualNetworks/vnet-spoke-mgt1",
            "resource_group_name": "rg-hub",
            "timeouts": null,
            "use_remote_gateways": false,
            "virtual_network_name": "vnet-hub"
          },
          "sensitive_attributes": [],
          "private": "eyJlMmJmYjczMC1lY2FhLTExZTYtOGY4OC0zNDM2M2JjN2M0YzAiOnsiY3JlYXRlIjoxODAwMDAwMDAwMDAwLCJkZWxldGUiOjE4MDAwMDAwMDAwMDAsInJlYWQiOjMwMDAwMDAwMDAwMCwidXBkYXRlIjoxODAwMDAwMDAwMDAwfX0=",
          "dependencies": [
            "azurerm_firewall.firewall",
            "azurerm_public_ip.public_ip_firewall",
            "azurerm_resource_group.rg_hub",
            "azurerm_resource_group.rg_spoke_mgt",
            "azurerm_subnet.subnet_firewall",
            "azurerm_virtual_network.vnet_hub",
            "azurerm_virtual_network.vnet_spoke_mgt"
          ]
        }
      ]
    },
    {
      "mode": "managed",
      "type": "azurerm_virtual_network_peering",
      "name": "vnet_peering_spoke_mgt_to_hub",
      "provider": "provider[\"registry.terraform.io/hashicorp/azurerm\"]",
      "instances": [
        {
          "index_key": 0,
          "schema_version": 0,
          "attributes": {
            "allow_forwarded_traffic": true,
            "allow_gateway_transit": false,
            "allow_virtual_network_access": true,
            "id": "/subscriptions/59d574d4-1c03-4092-ab22-312ed594eec9/resourceGroups/rg-spoke-mgt/providers/Microsoft.Network/virtualNetworks/vnet-spoke-mgt1/virtualNetworkPeerings/vnet_peering_spoke_mgt_to_hub",
            "name": "vnet_peering_spoke_mgt_to_hub",
            "remote_virtual_network_id": "/subscriptions/59d574d4-1c03-4092-ab22-312ed594eec9/resourceGroups/rg-hub/providers/Microsoft.Network/virtualNetworks/vnet-hub",
            "resource_group_name": "rg-spoke-mgt",
            "timeouts": null,
            "use_remote_gateways": false,
            "virtual_network_name": "vnet-spoke-mgt1"
          },
          "sensitive_attributes": [],
          "private": "eyJlMmJmYjczMC1lY2FhLTExZTYtOGY4OC0zNDM2M2JjN2M0YzAiOnsiY3JlYXRlIjoxODAwMDAwMDAwMDAwLCJkZWxldGUiOjE4MDAwMDAwMDAwMDAsInJlYWQiOjMwMDAwMDAwMDAwMCwidXBkYXRlIjoxODAwMDAwMDAwMDAwfX0=",
          "dependencies": [
            "azurerm_firewall.firewall",
            "azurerm_public_ip.public_ip_firewall",
            "azurerm_resource_group.rg_hub",
            "azurerm_resource_group.rg_spoke_mgt",
            "azurerm_subnet.subnet_firewall",
            "azurerm_virtual_network.vnet_hub",
            "azurerm_virtual_network.vnet_spoke_mgt"
          ]
        }
      ]
    },
    {
      "mode": "managed",
      "type": "azurerm_virtual_network_peering",
      "name": "vnet_peering_spoke_to_hub",
      "provider": "provider[\"registry.terraform.io/hashicorp/azurerm\"]",
      "instances": [
        {
          "index_key": 0,
          "schema_version": 0,
          "attributes": {
            "allow_forwarded_traffic": true,
            "allow_gateway_transit": false,
            "allow_virtual_network_access": true,
            "id": "/subscriptions/59d574d4-1c03-4092-ab22-312ed594eec9/resourceGroups/rg-spoke-app/providers/Microsoft.Network/virtualNetworks/vnet-spoke/virtualNetworkPeerings/vnet_peering_spoke_to_hub",
            "name": "vnet_peering_spoke_to_hub",
            "remote_virtual_network_id": "/subscriptions/59d574d4-1c03-4092-ab22-312ed594eec9/resourceGroups/rg-hub/providers/Microsoft.Network/virtualNetworks/vnet-hub",
            "resource_group_name": "rg-spoke-app",
            "timeouts": null,
            "use_remote_gateways": false,
            "virtual_network_name": "vnet-spoke"
          },
          "sensitive_attributes": [],
          "private": "eyJlMmJmYjczMC1lY2FhLTExZTYtOGY4OC0zNDM2M2JjN2M0YzAiOnsiY3JlYXRlIjoxODAwMDAwMDAwMDAwLCJkZWxldGUiOjE4MDAwMDAwMDAwMDAsInJlYWQiOjMwMDAwMDAwMDAwMCwidXBkYXRlIjoxODAwMDAwMDAwMDAwfX0=",
          "dependencies": [
            "azurerm_resource_group.rg_hub",
            "azurerm_resource_group.rg_spoke",
            "azurerm_virtual_network.vnet_hub",
            "azurerm_virtual_network.vnet_spoke"
          ]
        }
      ]
    }
  ],
  "check_results": []
}
