{
  "version": 4,
  "terraform_version": "1.3.1",
  "serial": 913,
  "lineage": "6d497197-de1c-65be-a8b2-84709ac3374a",
  "outputs": {
    "aks_identity": {
      "value": "",
      "type": "string"
    },
    "aks_oidc_issuer_url": {
      "value": "https://westeurope.oic.prod-aks.azure.com/72f988bf-86f1-41af-91ab-2d7cd011db47/6d205b8f-a485-45dc-8073-4014638fbc38/",
      "type": "string"
    },
    "aks_portal_fqdn": {
      "value": "aks-fd109cbc.portal.hcp.westeurope.azmk8s.io",
      "type": "string"
    },
    "aks_private_fqdn": {
      "value": "",
      "type": "string"
    },
    "aks_private_zone_id": {
      "value": "Private cluster is disabled",
      "type": "string"
    },
    "aks_private_zone_name": {
      "value": "Private cluster is disabled",
      "type": "string"
    },
    "aks_public_fqdn": {
      "value": "aks-fd109cbc.hcp.westeurope.azmk8s.io",
      "type": "string"
    },
    "app_gateway_ip_address": {
      "value": "20.160.177.207",
      "type": "string"
    },
    "client_certificate": {
      "value": "",
      "type": "string",
      "sensitive": true
    },
    "client_key": {
      "value": "",
      "type": "string",
      "sensitive": true
    },
    "cluster_ca_certificate": {
      "value": "LS0tLS1CRUdJTiBDRVJUSUZJQ0FURS0tLS0tCk1JSUU2VENDQXRHZ0F3SUJBZ0lSQUpLTzIzZUFHWVAyQkF3eDN3OTU1UEl3RFFZSktvWklodmNOQVFFTEJRQXcKRFRFTE1Ba0dBMVVFQXhNQ1kyRXdJQmNOTWpJeE1EQXlNVEF6TmpRd1doZ1BNakExTWpFd01ESXhNRFEyTkRCYQpNQTB4Q3pBSkJnTlZCQU1UQW1OaE1JSUNJakFOQmdrcWhraUc5dzBCQVFFRkFBT0NBZzhBTUlJQ0NnS0NBZ0VBCjVCNldSdXhjQnpualJ3VWRVWEJveEx6N21YMzFDSEozeTh2ZjRrdXVmSVJackZwOTZmb1Qxdk5rRVh4bTYyc3AKRGdPa0dSWCtOZzU0R1ZNeHgwVEpJSlhNaEx2VzE1UzRyb2E2ZVljM2dBNmhUbkJ3UU1sVnhjNkRmUE5ZYWlWTAp5ZjFiNUtwVjhIUm51WW1ick5XRjlFb0xQNWwvYitiQXVkVVhVVmM0MGNSc3pLcHdFNm5iTWd4cFNjOVRaMENqCjJ5SDR0Z01vWjhkUnNjNWx0OXBGQzV0OHZpb01LWC9aYTMzNW50WjFNRFJPQXNabmh1clhaOEFmcWlLZXpsN28KeWI1UVlkd1o4N0VJWVVwK3Y4RjRpb3NqNzdpY2Qvb0tYWXZmVG5GS290RG5EdE1HZEF3dWdOZmZ2Q0g0VnA5eAo2RVp6U0lGWnRyOHZyd3JjVUJQRmRhTndVZUwwUlc4OTRuMmxQYWc5Z3NiTDVydnorQStaSUZ6eGlYcUw4ckhjCm1YT0ZTZGk2SERVRmZFVGpkNEpPRmFHWFF2cHRqTStSNHBHVEEzbHVaZC9sSEZlSTg3NjJ3ajNqZ0tRRGtGQWEKWGdodHhTYU9sZCswRVFIS0tWc1U3eW4zbGlMZ0dRdU13eldZZGwvY3hFRkFPVk5NYm1qUWNEMXMvakJPbGFrTQpRbE5tbTVGR3VrTnJZN1cwM3lvMWR0alQySWRXUE5CWnUzUDhISSsvNVh3MlB0SElxN1BaRWovaWxDb2VtckpNCjVRcTkzNktRNThXSkttNlFZL0dNTXJjaWFPc002VDBJdUxOK1BRakdJT0xjUjJFeENyeDdUOXBINWlkaVpUdUkKSlQwb3VKaXpkUm91VmRNb3d4NkhuTS8wTWl2akQwV2tvMndXd09EbGZ6MENBd0VBQWFOQ01FQXdEZ1lEVlIwUApBUUgvQkFRREFnS2tNQThHQTFVZEV3RUIvd1FGTUFNQkFmOHdIUVlEVlIwT0JCWUVGRnB6QjhqODZSaElUUTVsCi85QW9wS3lROW5QTE1BMEdDU3FHU0liM0RRRUJDd1VBQTRJQ0FRQmlJbGNVZ1IwODJtaWhPK2NVaEZOU3c0L1gKVElOMDI4UTF4aVBhQSt5TktOSVhwb3J6RnFIV0RYNGJkaGsvOVoydmZMYjFncitTK2FTOTltY2FIZ05rWVd6QQpYSE42elZpd1JJcXFPWDFHYkZzWXpvN2J4Q1JPQncrL20rRlZRWjlGNFNiSkdST2JqUEZTcUtJekRCcjdTRWtxCnJQZnF4c3dDeHZkaU9xamFKa0kxSE1OSWRaaUlQRmNwaUVLcTNPcnRqRHRqSVNnVVdtd0pzWGova2ZjTGhFTEEKWXBkbTU0cWVGQVcvcXkvVDNLSlF2VXg3djZMNmFaS2trNFg4dkRvS0RGbjM3QXJrOVRlMGtTQ0p6ZWNhNHFFNQo4cTgxZU9JSnUrTjV1eUVWOE5wK2lWcUMyeUVoN3FmZjJUL0J2cU5LWWxtV2IwOVJkYXBTc2FteE1sMGVhRjFqCnJTRDVOcnRVYXV0OUtsZ3c1bXBML3FkVkh2YW1zZSs2djV6QmRHTmlPbE1uclR2RjBFRWlrdEg0bkF4M29pQy8KMzZ6cVU0Nkd2dUIzeVg5VVZNVnRDZlJqVDd3cG5zcDVYSzRRVFBxckhlSnlLN1NVSGJuaWFnaFV2UDViOHdnbQovYWM5TUNGM0dzVldvRTMwTVlQamJUV0xTa3M2ME9vTjJwckdZeVUwdklIZmhlNjFFR3QwTytJVzlTR2xxSUpvCkRzTWR4STlBUk1yR3V4KzF0QlFBT1hPRFE3a2t4OW9PWU5ITHIvQW5qYXpJOWthQ0Q4SWhCN29pRTBOUjY0Sy8KVGxoVjZSL0FESWN4TzdHWEhHU2JuODAzTEw0WnoxWVR3Z2xWR3loaUgvS0g5ZVc1Z1N2UVZGaktVSGljSmI3NApVS1YxdU5UQUF6MHVNT0c0U2c9PQotLS0tLUVORCBDRVJUSUZJQ0FURS0tLS0tCg==",
      "type": "string",
      "sensitive": true
    },
    "cluster_password": {
      "value": "",
      "type": "string",
      "sensitive": true
    },
    "cluster_username": {
      "value": "clusterUser_rg-aks-cluster_aks-cluster",
      "type": "string",
      "sensitive": true
    },
    "host": {
      "value": "https://aks-fd109cbc.hcp.westeurope.azmk8s.io:443",
      "type": "string",
      "sensitive": true
    },
    "kube_config": {
      "value": "apiVersion: v1\nclusters:\n- cluster:\n    certificate-authority-data: LS0tLS1CRUdJTiBDRVJUSUZJQ0FURS0tLS0tCk1JSUU2VENDQXRHZ0F3SUJBZ0lSQUpLTzIzZUFHWVAyQkF3eDN3OTU1UEl3RFFZSktvWklodmNOQVFFTEJRQXcKRFRFTE1Ba0dBMVVFQXhNQ1kyRXdJQmNOTWpJeE1EQXlNVEF6TmpRd1doZ1BNakExTWpFd01ESXhNRFEyTkRCYQpNQTB4Q3pBSkJnTlZCQU1UQW1OaE1JSUNJakFOQmdrcWhraUc5dzBCQVFFRkFBT0NBZzhBTUlJQ0NnS0NBZ0VBCjVCNldSdXhjQnpualJ3VWRVWEJveEx6N21YMzFDSEozeTh2ZjRrdXVmSVJackZwOTZmb1Qxdk5rRVh4bTYyc3AKRGdPa0dSWCtOZzU0R1ZNeHgwVEpJSlhNaEx2VzE1UzRyb2E2ZVljM2dBNmhUbkJ3UU1sVnhjNkRmUE5ZYWlWTAp5ZjFiNUtwVjhIUm51WW1ick5XRjlFb0xQNWwvYitiQXVkVVhVVmM0MGNSc3pLcHdFNm5iTWd4cFNjOVRaMENqCjJ5SDR0Z01vWjhkUnNjNWx0OXBGQzV0OHZpb01LWC9aYTMzNW50WjFNRFJPQXNabmh1clhaOEFmcWlLZXpsN28KeWI1UVlkd1o4N0VJWVVwK3Y4RjRpb3NqNzdpY2Qvb0tYWXZmVG5GS290RG5EdE1HZEF3dWdOZmZ2Q0g0VnA5eAo2RVp6U0lGWnRyOHZyd3JjVUJQRmRhTndVZUwwUlc4OTRuMmxQYWc5Z3NiTDVydnorQStaSUZ6eGlYcUw4ckhjCm1YT0ZTZGk2SERVRmZFVGpkNEpPRmFHWFF2cHRqTStSNHBHVEEzbHVaZC9sSEZlSTg3NjJ3ajNqZ0tRRGtGQWEKWGdodHhTYU9sZCswRVFIS0tWc1U3eW4zbGlMZ0dRdU13eldZZGwvY3hFRkFPVk5NYm1qUWNEMXMvakJPbGFrTQpRbE5tbTVGR3VrTnJZN1cwM3lvMWR0alQySWRXUE5CWnUzUDhISSsvNVh3MlB0SElxN1BaRWovaWxDb2VtckpNCjVRcTkzNktRNThXSkttNlFZL0dNTXJjaWFPc002VDBJdUxOK1BRakdJT0xjUjJFeENyeDdUOXBINWlkaVpUdUkKSlQwb3VKaXpkUm91VmRNb3d4NkhuTS8wTWl2akQwV2tvMndXd09EbGZ6MENBd0VBQWFOQ01FQXdEZ1lEVlIwUApBUUgvQkFRREFnS2tNQThHQTFVZEV3RUIvd1FGTUFNQkFmOHdIUVlEVlIwT0JCWUVGRnB6QjhqODZSaElUUTVsCi85QW9wS3lROW5QTE1BMEdDU3FHU0liM0RRRUJDd1VBQTRJQ0FRQmlJbGNVZ1IwODJtaWhPK2NVaEZOU3c0L1gKVElOMDI4UTF4aVBhQSt5TktOSVhwb3J6RnFIV0RYNGJkaGsvOVoydmZMYjFncitTK2FTOTltY2FIZ05rWVd6QQpYSE42elZpd1JJcXFPWDFHYkZzWXpvN2J4Q1JPQncrL20rRlZRWjlGNFNiSkdST2JqUEZTcUtJekRCcjdTRWtxCnJQZnF4c3dDeHZkaU9xamFKa0kxSE1OSWRaaUlQRmNwaUVLcTNPcnRqRHRqSVNnVVdtd0pzWGova2ZjTGhFTEEKWXBkbTU0cWVGQVcvcXkvVDNLSlF2VXg3djZMNmFaS2trNFg4dkRvS0RGbjM3QXJrOVRlMGtTQ0p6ZWNhNHFFNQo4cTgxZU9JSnUrTjV1eUVWOE5wK2lWcUMyeUVoN3FmZjJUL0J2cU5LWWxtV2IwOVJkYXBTc2FteE1sMGVhRjFqCnJTRDVOcnRVYXV0OUtsZ3c1bXBML3FkVkh2YW1zZSs2djV6QmRHTmlPbE1uclR2RjBFRWlrdEg0bkF4M29pQy8KMzZ6cVU0Nkd2dUIzeVg5VVZNVnRDZlJqVDd3cG5zcDVYSzRRVFBxckhlSnlLN1NVSGJuaWFnaFV2UDViOHdnbQovYWM5TUNGM0dzVldvRTMwTVlQamJUV0xTa3M2ME9vTjJwckdZeVUwdklIZmhlNjFFR3QwTytJVzlTR2xxSUpvCkRzTWR4STlBUk1yR3V4KzF0QlFBT1hPRFE3a2t4OW9PWU5ITHIvQW5qYXpJOWthQ0Q4SWhCN29pRTBOUjY0Sy8KVGxoVjZSL0FESWN4TzdHWEhHU2JuODAzTEw0WnoxWVR3Z2xWR3loaUgvS0g5ZVc1Z1N2UVZGaktVSGljSmI3NApVS1YxdU5UQUF6MHVNT0c0U2c9PQotLS0tLUVORCBDRVJUSUZJQ0FURS0tLS0tCg==\n    server: https://aks-fd109cbc.hcp.westeurope.azmk8s.io:443\n  name: aks-cluster\ncontexts:\n- context:\n    cluster: aks-cluster\n    user: clusterUser_rg-aks-cluster_aks-cluster\n  name: aks-cluster\ncurrent-context: aks-cluster\nkind: Config\npreferences: {}\nusers:\n- name: clusterUser_rg-aks-cluster_aks-cluster\n  user:\n    exec:\n      apiVersion: client.authentication.k8s.io/v1beta1\n      args:\n      - get-token\n      - --environment\n      - AzurePublicCloud\n      - --server-id\n      - 6dae42f8-4368-4678-94ff-3960e28e3630\n      - --client-id\n      - 80faf920-1908-4b52-b5ef-a8e7bedfc67a\n      - --tenant-id\n      - 72f988bf-86f1-41af-91ab-2d7cd011db47\n      - --login\n      - devicecode\n      command: kubelogin\n      env: null\n      provideClusterInfo: false\n",
      "type": "string",
      "sensitive": true
    },
    "nat_gateway_ip_address": {
      "value": "20.13.11.207",
      "type": "string"
    },
    "node_resource_group": {
      "value": "rg-aks-cluster-managed",
      "type": "string"
    },
    "resource_group_name": {
      "value": "rg-aks-cluster",
      "type": "string"
    }
  },
  "resources": [
    {
      "mode": "data",
      "type": "azuread_client_config",
      "name": "current",
      "provider": "provider[\"registry.terraform.io/hashicorp/azuread\"]",
      "instances": [
        {
          "schema_version": 0,
          "attributes": {
            "client_id": "04b07795-8ddb-461a-bbee-02f9e1bf7b46",
            "id": "72f988bf-86f1-41af-91ab-2d7cd011db47-04b07795-8ddb-461a-bbee-02f9e1bf7b46-9c1706eb-db28-4105-b993-f93a83f974b8",
            "object_id": "9c1706eb-db28-4105-b993-f93a83f974b8",
            "tenant_id": "72f988bf-86f1-41af-91ab-2d7cd011db47",
            "timeouts": null
          },
          "sensitive_attributes": []
        }
      ]
    },
    {
      "mode": "data",
      "type": "azuread_service_principal",
      "name": "aks_aad_server",
      "provider": "provider[\"registry.terraform.io/hashicorp/azuread\"]",
      "instances": [
        {
          "schema_version": 0,
          "attributes": {
            "account_enabled": true,
            "alternative_names": [],
            "app_role_assignment_required": false,
            "app_role_ids": {},
            "app_roles": [],
            "application_id": "6dae42f8-4368-4678-94ff-3960e28e3630",
            "application_tenant_id": "f8cdef31-a31e-4b4a-93e4-5f571e91255a",
            "description": "",
            "display_name": "Azure Kubernetes Service AAD Server",
            "feature_tags": [
              {
                "custom_single_sign_on": false,
                "enterprise": false,
                "gallery": false,
                "hide": false
              }
            ],
            "features": [
              {
                "custom_single_sign_on_app": false,
                "enterprise_application": false,
                "gallery_application": false,
                "visible_to_users": true
              }
            ],
            "homepage_url": "",
            "id": "3c57c874-aa9d-443a-ba5c-8865363033c2",
            "login_url": "",
            "logout_url": "",
            "notes": "",
            "notification_email_addresses": [],
            "oauth2_permission_scope_ids": {
              "user.read": "34a47c2f-cd0d-47b4-a93c-2c41130c671c"
            },
            "oauth2_permission_scopes": [
              {
                "admin_consent_description": "this allows to read user profile",
                "admin_consent_display_name": "user.read",
                "enabled": true,
                "id": "34a47c2f-cd0d-47b4-a93c-2c41130c671c",
                "type": "User",
                "user_consent_description": "this allows to read user profile",
                "user_consent_display_name": "user.read",
                "value": "user.read"
              }
            ],
            "object_id": "3c57c874-aa9d-443a-ba5c-8865363033c2",
            "preferred_single_sign_on_mode": "",
            "redirect_uris": [],
            "saml_metadata_url": "",
            "saml_single_sign_on": [],
            "service_principal_names": [
              "https://aks-aad-server.azure.com"
            ],
            "sign_in_audience": "AzureADMultipleOrgs",
            "tags": [],
            "timeouts": null,
            "type": "Application"
          },
          "sensitive_attributes": []
        }
      ]
    },
    {
      "mode": "data",
      "type": "azurerm_client_config",
      "name": "current",
      "provider": "provider[\"registry.terraform.io/hashicorp/azurerm\"]",
      "instances": [
        {
          "schema_version": 0,
          "attributes": {
            "client_id": "04b07795-8ddb-461a-bbee-02f9e1bf7b46",
            "id": "Y2xpZW50Q29uZmlncy9jbGllbnRJZD0wNGIwNzc5NS04ZGRiLTQ2MWEtYmJlZS0wMmY5ZTFiZjdiNDY7b2JqZWN0SWQ9OWMxNzA2ZWItZGIyOC00MTA1LWI5OTMtZjkzYTgzZjk3NGI4O3N1YnNjcmlwdGlvbklkPTRiNzJlZDkwLTdjYTMtNGU3Ni04ZDBmLTMxYTJjMGJlZTdhMzt0ZW5hbnRJZD03MmY5ODhiZi04NmYxLTQxYWYtOTFhYi0yZDdjZDAxMWRiNDc=",
            "object_id": "9c1706eb-db28-4105-b993-f93a83f974b8",
            "subscription_id": "4b72ed90-7ca3-4e76-8d0f-31a2c0bee7a3",
            "tenant_id": "72f988bf-86f1-41af-91ab-2d7cd011db47",
            "timeouts": null
          },
          "sensitive_attributes": []
        }
      ]
    },
    {
      "mode": "data",
      "type": "azurerm_kubernetes_service_versions",
      "name": "current",
      "provider": "provider[\"registry.terraform.io/hashicorp/azurerm\"]",
      "instances": [
        {
          "schema_version": 0,
          "attributes": {
            "id": "/subscriptions/4b72ed90-7ca3-4e76-8d0f-31a2c0bee7a3/providers/Microsoft.ContainerService/locations/westeurope/orchestrators",
            "include_preview": true,
            "latest_version": "1.24.3",
            "location": "westeurope",
            "timeouts": null,
            "version_prefix": null,
            "versions": [
              "1.22.6",
              "1.22.11",
              "1.23.5",
              "1.23.8",
              "1.24.0",
              "1.24.3"
            ]
          },
          "sensitive_attributes": []
        }
      ]
    },
    {
      "mode": "data",
      "type": "azurerm_subscription",
      "name": "current",
      "provider": "provider[\"registry.terraform.io/hashicorp/azurerm\"]",
      "instances": [
        {
          "schema_version": 0,
          "attributes": {
            "display_name": "Microsoft Internal",
            "id": "/subscriptions/4b72ed90-7ca3-4e76-8d0f-31a2c0bee7a3",
            "location_placement_id": "Internal_2014-09-01",
            "quota_id": "Internal_2014-09-01",
            "spending_limit": "Off",
            "state": "Enabled",
            "subscription_id": "4b72ed90-7ca3-4e76-8d0f-31a2c0bee7a3",
            "tags": {
              "Environment ": "Self Learning"
            },
            "tenant_id": "72f988bf-86f1-41af-91ab-2d7cd011db47",
            "timeouts": null
          },
          "sensitive_attributes": []
        }
      ]
    },
    {
      "mode": "managed",
      "type": "azuread_group",
      "name": "aks_admins",
      "provider": "provider[\"registry.terraform.io/hashicorp/azuread\"]",
      "instances": []
    },
    {
      "mode": "managed",
      "type": "azurerm_application_gateway",
      "name": "appgw",
      "provider": "provider[\"registry.terraform.io/hashicorp/azurerm\"]",
      "instances": [
        {
          "index_key": 0,
          "schema_version": 0,
          "attributes": {
            "authentication_certificate": [],
            "autoscale_configuration": [],
            "backend_address_pool": [
              {
                "fqdns": [],
                "id": "/subscriptions/4b72ed90-7ca3-4e76-8d0f-31a2c0bee7a3/resourceGroups/rg-aks-cluster/providers/Microsoft.Network/applicationGateways/appgw-aks/backendAddressPools/defaultaddresspool",
                "ip_addresses": [],
                "name": "defaultaddresspool"
              }
            ],
            "backend_http_settings": [
              {
                "affinity_cookie_name": "",
                "authentication_certificate": [],
                "connection_draining": [],
                "cookie_based_affinity": "Disabled",
                "host_name": "",
                "id": "/subscriptions/4b72ed90-7ca3-4e76-8d0f-31a2c0bee7a3/resourceGroups/rg-aks-cluster/providers/Microsoft.Network/applicationGateways/appgw-aks/backendHttpSettingsCollection/defaulthttpsetting",
                "name": "defaulthttpsetting",
                "path": "",
                "pick_host_name_from_backend_address": false,
                "port": 80,
                "probe_id": "/subscriptions/4b72ed90-7ca3-4e76-8d0f-31a2c0bee7a3/resourceGroups/rg-aks-cluster/providers/Microsoft.Network/applicationGateways/appgw-aks/probes/defaultprobe-Http",
                "probe_name": "defaultprobe-Http",
                "protocol": "Http",
                "request_timeout": 30,
                "trusted_root_certificate_names": []
              }
            ],
            "custom_error_configuration": [],
            "enable_http2": false,
            "fips_enabled": false,
            "firewall_policy_id": null,
            "force_firewall_policy_association": false,
            "frontend_ip_configuration": [
              {
                "id": "/subscriptions/4b72ed90-7ca3-4e76-8d0f-31a2c0bee7a3/resourceGroups/rg-aks-cluster/providers/Microsoft.Network/applicationGateways/appgw-aks/frontendIPConfigurations/vnet-spoke-aks-feip",
                "name": "vnet-spoke-aks-feip",
                "private_ip_address": "",
                "private_ip_address_allocation": "Dynamic",
                "private_link_configuration_id": "",
                "private_link_configuration_name": "",
                "public_ip_address_id": "/subscriptions/4b72ed90-7ca3-4e76-8d0f-31a2c0bee7a3/resourceGroups/rg-aks-cluster/providers/Microsoft.Network/publicIPAddresses/public-ip-appgw",
                "subnet_id": ""
              }
            ],
            "frontend_port": [
              {
                "id": "/subscriptions/4b72ed90-7ca3-4e76-8d0f-31a2c0bee7a3/resourceGroups/rg-aks-cluster/providers/Microsoft.Network/applicationGateways/appgw-aks/frontendPorts/vnet-spoke-aks-feport",
                "name": "vnet-spoke-aks-feport",
                "port": 80
              }
            ],
            "gateway_ip_configuration": [
              {
                "id": "/subscriptions/4b72ed90-7ca3-4e76-8d0f-31a2c0bee7a3/resourceGroups/rg-aks-cluster/providers/Microsoft.Network/applicationGateways/appgw-aks/gatewayIPConfigurations/appGatewayIpConfig",
                "name": "appGatewayIpConfig",
                "subnet_id": "/subscriptions/4b72ed90-7ca3-4e76-8d0f-31a2c0bee7a3/resourceGroups/rg-aks-cluster/providers/Microsoft.Network/virtualNetworks/vnet-spoke-aks/subnets/subnet-appgw"
              }
            ],
            "global": [],
            "http_listener": [
              {
                "custom_error_configuration": [],
                "firewall_policy_id": "",
                "frontend_ip_configuration_id": "/subscriptions/4b72ed90-7ca3-4e76-8d0f-31a2c0bee7a3/resourceGroups/rg-aks-cluster/providers/Microsoft.Network/applicationGateways/appgw-aks/frontendIPConfigurations/vnet-spoke-aks-feip",
                "frontend_ip_configuration_name": "vnet-spoke-aks-feip",
                "frontend_port_id": "/subscriptions/4b72ed90-7ca3-4e76-8d0f-31a2c0bee7a3/resourceGroups/rg-aks-cluster/providers/Microsoft.Network/applicationGateways/appgw-aks/frontendPorts/vnet-spoke-aks-feport",
                "frontend_port_name": "vnet-spoke-aks-feport",
                "host_name": "",
                "host_names": [],
                "id": "/subscriptions/4b72ed90-7ca3-4e76-8d0f-31a2c0bee7a3/resourceGroups/rg-aks-cluster/providers/Microsoft.Network/applicationGateways/appgw-aks/httpListeners/fl-e1903c8aa3446b7b3207aec6d6ecba8a",
                "name": "fl-e1903c8aa3446b7b3207aec6d6ecba8a",
                "protocol": "Http",
                "require_sni": false,
                "ssl_certificate_id": "",
                "ssl_certificate_name": "",
                "ssl_profile_id": "",
                "ssl_profile_name": ""
              }
            ],
            "id": "/subscriptions/4b72ed90-7ca3-4e76-8d0f-31a2c0bee7a3/resourceGroups/rg-aks-cluster/providers/Microsoft.Network/applicationGateways/appgw-aks",
            "identity": [],
            "location": "westeurope",
            "name": "appgw-aks",
            "private_endpoint_connection": [],
            "private_link_configuration": [],
            "probe": [
              {
                "host": "localhost",
                "id": "/subscriptions/4b72ed90-7ca3-4e76-8d0f-31a2c0bee7a3/resourceGroups/rg-aks-cluster/providers/Microsoft.Network/applicationGateways/appgw-aks/probes/defaultprobe-Http",
                "interval": 30,
                "match": [
                  {
                    "body": "",
                    "status_code": []
                  }
                ],
                "minimum_servers": 0,
                "name": "defaultprobe-Http",
                "path": "/",
                "pick_host_name_from_backend_http_settings": false,
                "port": 0,
                "protocol": "Http",
                "timeout": 30,
                "unhealthy_threshold": 3
              },
              {
                "host": "localhost",
                "id": "/subscriptions/4b72ed90-7ca3-4e76-8d0f-31a2c0bee7a3/resourceGroups/rg-aks-cluster/providers/Microsoft.Network/applicationGateways/appgw-aks/probes/defaultprobe-Https",
                "interval": 30,
                "match": [
                  {
                    "body": "",
                    "status_code": []
                  }
                ],
                "minimum_servers": 0,
                "name": "defaultprobe-Https",
                "path": "/",
                "pick_host_name_from_backend_http_settings": false,
                "port": 0,
                "protocol": "Https",
                "timeout": 30,
                "unhealthy_threshold": 3
              }
            ],
            "redirect_configuration": [],
            "request_routing_rule": [
              {
                "backend_address_pool_id": "/subscriptions/4b72ed90-7ca3-4e76-8d0f-31a2c0bee7a3/resourceGroups/rg-aks-cluster/providers/Microsoft.Network/applicationGateways/appgw-aks/backendAddressPools/defaultaddresspool",
                "backend_address_pool_name": "defaultaddresspool",
                "backend_http_settings_id": "/subscriptions/4b72ed90-7ca3-4e76-8d0f-31a2c0bee7a3/resourceGroups/rg-aks-cluster/providers/Microsoft.Network/applicationGateways/appgw-aks/backendHttpSettingsCollection/defaulthttpsetting",
                "backend_http_settings_name": "defaulthttpsetting",
                "http_listener_id": "/subscriptions/4b72ed90-7ca3-4e76-8d0f-31a2c0bee7a3/resourceGroups/rg-aks-cluster/providers/Microsoft.Network/applicationGateways/appgw-aks/httpListeners/fl-e1903c8aa3446b7b3207aec6d6ecba8a",
                "http_listener_name": "fl-e1903c8aa3446b7b3207aec6d6ecba8a",
                "id": "/subscriptions/4b72ed90-7ca3-4e76-8d0f-31a2c0bee7a3/resourceGroups/rg-aks-cluster/providers/Microsoft.Network/applicationGateways/appgw-aks/requestRoutingRules/rr-e1903c8aa3446b7b3207aec6d6ecba8a",
                "name": "rr-e1903c8aa3446b7b3207aec6d6ecba8a",
                "priority": 19500,
                "redirect_configuration_id": "",
                "redirect_configuration_name": "",
                "rewrite_rule_set_id": "",
                "rewrite_rule_set_name": "",
                "rule_type": "Basic",
                "url_path_map_id": "",
                "url_path_map_name": ""
              }
            ],
            "resource_group_name": "rg-aks-cluster",
            "rewrite_rule_set": [],
            "sku": [
              {
                "capacity": 2,
                "name": "Standard_v2",
                "tier": "Standard_v2"
              }
            ],
            "ssl_certificate": [],
            "ssl_policy": [
              {
                "cipher_suites": [],
                "disabled_protocols": [],
                "min_protocol_version": "",
                "policy_name": "AppGwSslPolicy20150501",
                "policy_type": "Predefined"
              }
            ],
            "ssl_profile": [],
            "tags": {
              "environment": "development",
              "managed-by-k8s-ingress": "1.5.2/78cb4021/2022-05-06-08:27T+0000",
              "source": "terraform"
            },
            "timeouts": null,
            "trusted_client_certificate": [],
            "trusted_root_certificate": [],
            "url_path_map": [],
            "waf_configuration": [],
            "zones": []
          },
          "sensitive_attributes": [],
          "private": "eyJlMmJmYjczMC1lY2FhLTExZTYtOGY4OC0zNDM2M2JjN2M0YzAiOnsiY3JlYXRlIjo1NDAwMDAwMDAwMDAwLCJkZWxldGUiOjU0MDAwMDAwMDAwMDAsInJlYWQiOjMwMDAwMDAwMDAwMCwidXBkYXRlIjo1NDAwMDAwMDAwMDAwfX0=",
          "dependencies": [
            "azurerm_public_ip.appgw_pip",
            "azurerm_resource_group.rg",
            "azurerm_subnet.subnet_appgw",
            "azurerm_virtual_network.vnet"
          ],
          "create_before_destroy": true
        }
      ]
    },
    {
      "mode": "managed",
      "type": "azurerm_container_registry",
      "name": "acr",
      "provider": "provider[\"registry.terraform.io/hashicorp/azurerm\"]",
      "instances": [
        {
          "schema_version": 2,
          "attributes": {
            "admin_enabled": false,
            "admin_password": "",
            "admin_username": "",
            "anonymous_pull_enabled": false,
            "data_endpoint_enabled": false,
            "encryption": [
              {
                "enabled": false,
                "identity_client_id": "",
                "key_vault_key_id": ""
              }
            ],
            "export_policy_enabled": true,
            "georeplications": [],
            "id": "/subscriptions/4b72ed90-7ca3-4e76-8d0f-31a2c0bee7a3/resourceGroups/rg-shared/providers/Microsoft.ContainerRegistry/registries/acrforakstf0111",
            "identity": [],
            "location": "westeurope",
            "login_server": "acrforakstf0111.azurecr.io",
            "name": "acrforakstf0111",
            "network_rule_bypass_option": "AzureServices",
            "network_rule_set": [
              {
                "default_action": "Allow",
                "ip_rule": [],
                "virtual_network": []
              }
            ],
            "public_network_access_enabled": true,
            "quarantine_policy_enabled": false,
            "resource_group_name": "rg-shared",
            "retention_policy": [
              {
                "days": 7,
                "enabled": false
              }
            ],
            "sku": "Premium",
            "tags": {
              "environment": "development",
              "source": "terraform"
            },
            "timeouts": null,
            "trust_policy": [
              {
                "enabled": false
              }
            ],
            "zone_redundancy_enabled": false
          },
          "sensitive_attributes": [],
          "private": "eyJlMmJmYjczMC1lY2FhLTExZTYtOGY4OC0zNDM2M2JjN2M0YzAiOnsiY3JlYXRlIjoxODAwMDAwMDAwMDAwLCJkZWxldGUiOjE4MDAwMDAwMDAwMDAsInJlYWQiOjMwMDAwMDAwMDAwMCwidXBkYXRlIjoxODAwMDAwMDAwMDAwfSwic2NoZW1hX3ZlcnNpb24iOiIyIn0=",
          "dependencies": [
            "azurerm_resource_group.rg_shared"
          ]
        }
      ]
    },
    {
      "mode": "managed",
      "type": "azurerm_key_vault",
      "name": "kv",
      "provider": "provider[\"registry.terraform.io/hashicorp/azurerm\"]",
      "instances": [
        {
          "status": "tainted",
          "schema_version": 2,
          "attributes": {
            "access_policy": [],
            "contact": [],
            "enable_rbac_authorization": true,
            "enabled_for_deployment": false,
            "enabled_for_disk_encryption": false,
            "enabled_for_template_deployment": false,
            "id": "/subscriptions/4b72ed90-7ca3-4e76-8d0f-31a2c0bee7a3/resourceGroups/rg-aks-cluster/providers/Microsoft.KeyVault/vaults/kvforaks0111",
            "location": "westeurope",
            "name": "kvforaks0111",
            "network_acls": [
              {
                "bypass": "AzureServices",
                "default_action": "Allow",
                "ip_rules": [],
                "virtual_network_subnet_ids": []
              }
            ],
            "public_network_access_enabled": true,
            "purge_protection_enabled": false,
            "resource_group_name": "rg-aks-cluster",
            "sku_name": "standard",
            "soft_delete_retention_days": 7,
            "tags": {
              "environment": "development",
              "source": "terraform"
            },
            "tenant_id": "72f988bf-86f1-41af-91ab-2d7cd011db47",
            "timeouts": null,
            "vault_uri": "https://kvforaks0111.vault.azure.net/"
          },
          "sensitive_attributes": [],
          "private": "eyJlMmJmYjczMC1lY2FhLTExZTYtOGY4OC0zNDM2M2JjN2M0YzAiOnsiY3JlYXRlIjoxODAwMDAwMDAwMDAwLCJkZWxldGUiOjE4MDAwMDAwMDAwMDAsInJlYWQiOjMwMDAwMDAwMDAwMCwidXBkYXRlIjoxODAwMDAwMDAwMDAwfSwic2NoZW1hX3ZlcnNpb24iOiIyIn0=",
          "dependencies": [
            "azurerm_resource_group.rg",
            "data.azurerm_client_config.current"
          ]
        }
      ]
    },
    {
      "mode": "managed",
      "type": "azurerm_key_vault_secret",
      "name": "secret",
      "provider": "provider[\"registry.terraform.io/hashicorp/azurerm\"]",
      "instances": []
    },
    {
      "mode": "managed",
      "type": "azurerm_kubernetes_cluster",
      "name": "aks",
      "provider": "provider[\"registry.terraform.io/hashicorp/azurerm\"]",
      "instances": [
        {
          "schema_version": 2,
          "attributes": {
            "aci_connector_linux": [],
            "api_server_authorized_ip_ranges": [],
            "auto_scaler_profile": [
              {
                "balance_similar_node_groups": false,
                "empty_bulk_delete_max": "10",
                "expander": "random",
                "max_graceful_termination_sec": "600",
                "max_node_provisioning_time": "15m",
                "max_unready_nodes": 3,
                "max_unready_percentage": 45,
                "new_pod_scale_up_delay": "0s",
                "scale_down_delay_after_add": "10m",
                "scale_down_delay_after_delete": "10s",
                "scale_down_delay_after_failure": "3m",
                "scale_down_unneeded": "10m",
                "scale_down_unready": "20m",
                "scale_down_utilization_threshold": "0.5",
                "scan_interval": "10s",
                "skip_nodes_with_local_storage": false,
                "skip_nodes_with_system_pods": true
              }
            ],
            "automatic_channel_upgrade": "",
            "azure_active_directory_role_based_access_control": [
              {
                "admin_group_object_ids": [],
                "azure_rbac_enabled": true,
                "client_app_id": "",
                "managed": true,
                "server_app_id": "",
                "server_app_secret": "",
                "tenant_id": "72f988bf-86f1-41af-91ab-2d7cd011db47"
              }
            ],
            "azure_policy_enabled": true,
            "default_node_pool": [
              {
                "capacity_reservation_group_id": "",
                "enable_auto_scaling": true,
                "enable_host_encryption": false,
                "enable_node_public_ip": false,
                "fips_enabled": false,
                "host_group_id": "",
                "kubelet_config": [],
                "kubelet_disk_type": "OS",
                "linux_os_config": [],
                "max_count": 5,
                "max_pods": 110,
                "min_count": 1,
                "name": "poolsystem",
                "node_count": 3,
                "node_labels": {},
                "node_public_ip_prefix_id": "",
                "node_taints": [],
                "only_critical_addons_enabled": true,
                "orchestrator_version": "",
                "os_disk_size_gb": 40,
                "os_disk_type": "Ephemeral",
                "os_sku": "Ubuntu",
                "pod_subnet_id": "/subscriptions/4b72ed90-7ca3-4e76-8d0f-31a2c0bee7a3/resourceGroups/rg-aks-cluster/providers/Microsoft.Network/virtualNetworks/vnet-spoke-aks/subnets/subnet-aks-pods",
                "proximity_placement_group_id": "",
                "tags": {
                  "environment": "development",
                  "source": "terraform"
                },
                "type": "VirtualMachineScaleSets",
                "ultra_ssd_enabled": false,
                "upgrade_settings": [],
                "vm_size": "Standard_D2ds_v5",
                "vnet_subnet_id": "/subscriptions/4b72ed90-7ca3-4e76-8d0f-31a2c0bee7a3/resourceGroups/rg-aks-cluster/providers/Microsoft.Network/virtualNetworks/vnet-spoke-aks/subnets/subnet-aks-nodes",
                "zones": [
                  "1",
                  "2",
                  "3"
                ]
              }
            ],
            "disk_encryption_set_id": "",
            "dns_prefix": "aks",
            "dns_prefix_private_cluster": "",
            "edge_zone": "",
            "enable_pod_security_policy": false,
            "fqdn": "aks-fd109cbc.hcp.westeurope.azmk8s.io",
            "http_application_routing_enabled": false,
            "http_application_routing_zone_name": "",
            "http_proxy_config": [],
            "id": "/subscriptions/4b72ed90-7ca3-4e76-8d0f-31a2c0bee7a3/resourceGroups/rg-aks-cluster/providers/Microsoft.ContainerService/managedClusters/aks-cluster",
            "identity": [
              {
                "identity_ids": [
                  "/subscriptions/4b72ed90-7ca3-4e76-8d0f-31a2c0bee7a3/resourceGroups/rg-aks-cluster/providers/Microsoft.ManagedIdentity/userAssignedIdentities/identity-aks"
                ],
                "principal_id": "",
                "tenant_id": "",
                "type": "UserAssigned"
              }
            ],
            "ingress_application_gateway": [
              {
                "effective_gateway_id": "/subscriptions/4b72ed90-7ca3-4e76-8d0f-31a2c0bee7a3/resourceGroups/rg-aks-cluster/providers/Microsoft.Network/applicationGateways/appgw-aks",
                "gateway_id": "/subscriptions/4b72ed90-7ca3-4e76-8d0f-31a2c0bee7a3/resourceGroups/rg-aks-cluster/providers/Microsoft.Network/applicationGateways/appgw-aks",
                "gateway_name": "",
                "ingress_application_gateway_identity": [
                  {
                    "client_id": "44a2e969-2103-41ff-b859-2bd1379f03bf",
                    "object_id": "7439934d-1e62-4a33-b7b6-27485fd79041",
                    "user_assigned_identity_id": "/subscriptions/4b72ed90-7ca3-4e76-8d0f-31a2c0bee7a3/resourcegroups/rg-aks-cluster-managed/providers/Microsoft.ManagedIdentity/userAssignedIdentities/ingressapplicationgateway-aks-cluster"
                  }
                ],
                "subnet_cidr": "",
                "subnet_id": ""
              }
            ],
            "key_vault_secrets_provider": [
              {
                "secret_identity": [
                  {
                    "client_id": "1b176808-68a3-4528-8752-dc356ad590d7",
                    "object_id": "201c97a8-9719-496a-916b-d8beaf72a61e",
                    "user_assigned_identity_id": "/subscriptions/4b72ed90-7ca3-4e76-8d0f-31a2c0bee7a3/resourcegroups/rg-aks-cluster-managed/providers/Microsoft.ManagedIdentity/userAssignedIdentities/azurekeyvaultsecretsprovider-aks-cluster"
                  }
                ],
                "secret_rotation_enabled": true,
                "secret_rotation_interval": "2m"
              }
            ],
            "kube_admin_config": [],
            "kube_admin_config_raw": "",
            "kube_config": [
              {
                "client_certificate": "",
                "client_key": "",
                "cluster_ca_certificate": "LS0tLS1CRUdJTiBDRVJUSUZJQ0FURS0tLS0tCk1JSUU2VENDQXRHZ0F3SUJBZ0lSQUpLTzIzZUFHWVAyQkF3eDN3OTU1UEl3RFFZSktvWklodmNOQVFFTEJRQXcKRFRFTE1Ba0dBMVVFQXhNQ1kyRXdJQmNOTWpJeE1EQXlNVEF6TmpRd1doZ1BNakExTWpFd01ESXhNRFEyTkRCYQpNQTB4Q3pBSkJnTlZCQU1UQW1OaE1JSUNJakFOQmdrcWhraUc5dzBCQVFFRkFBT0NBZzhBTUlJQ0NnS0NBZ0VBCjVCNldSdXhjQnpualJ3VWRVWEJveEx6N21YMzFDSEozeTh2ZjRrdXVmSVJackZwOTZmb1Qxdk5rRVh4bTYyc3AKRGdPa0dSWCtOZzU0R1ZNeHgwVEpJSlhNaEx2VzE1UzRyb2E2ZVljM2dBNmhUbkJ3UU1sVnhjNkRmUE5ZYWlWTAp5ZjFiNUtwVjhIUm51WW1ick5XRjlFb0xQNWwvYitiQXVkVVhVVmM0MGNSc3pLcHdFNm5iTWd4cFNjOVRaMENqCjJ5SDR0Z01vWjhkUnNjNWx0OXBGQzV0OHZpb01LWC9aYTMzNW50WjFNRFJPQXNabmh1clhaOEFmcWlLZXpsN28KeWI1UVlkd1o4N0VJWVVwK3Y4RjRpb3NqNzdpY2Qvb0tYWXZmVG5GS290RG5EdE1HZEF3dWdOZmZ2Q0g0VnA5eAo2RVp6U0lGWnRyOHZyd3JjVUJQRmRhTndVZUwwUlc4OTRuMmxQYWc5Z3NiTDVydnorQStaSUZ6eGlYcUw4ckhjCm1YT0ZTZGk2SERVRmZFVGpkNEpPRmFHWFF2cHRqTStSNHBHVEEzbHVaZC9sSEZlSTg3NjJ3ajNqZ0tRRGtGQWEKWGdodHhTYU9sZCswRVFIS0tWc1U3eW4zbGlMZ0dRdU13eldZZGwvY3hFRkFPVk5NYm1qUWNEMXMvakJPbGFrTQpRbE5tbTVGR3VrTnJZN1cwM3lvMWR0alQySWRXUE5CWnUzUDhISSsvNVh3MlB0SElxN1BaRWovaWxDb2VtckpNCjVRcTkzNktRNThXSkttNlFZL0dNTXJjaWFPc002VDBJdUxOK1BRakdJT0xjUjJFeENyeDdUOXBINWlkaVpUdUkKSlQwb3VKaXpkUm91VmRNb3d4NkhuTS8wTWl2akQwV2tvMndXd09EbGZ6MENBd0VBQWFOQ01FQXdEZ1lEVlIwUApBUUgvQkFRREFnS2tNQThHQTFVZEV3RUIvd1FGTUFNQkFmOHdIUVlEVlIwT0JCWUVGRnB6QjhqODZSaElUUTVsCi85QW9wS3lROW5QTE1BMEdDU3FHU0liM0RRRUJDd1VBQTRJQ0FRQmlJbGNVZ1IwODJtaWhPK2NVaEZOU3c0L1gKVElOMDI4UTF4aVBhQSt5TktOSVhwb3J6RnFIV0RYNGJkaGsvOVoydmZMYjFncitTK2FTOTltY2FIZ05rWVd6QQpYSE42elZpd1JJcXFPWDFHYkZzWXpvN2J4Q1JPQncrL20rRlZRWjlGNFNiSkdST2JqUEZTcUtJekRCcjdTRWtxCnJQZnF4c3dDeHZkaU9xamFKa0kxSE1OSWRaaUlQRmNwaUVLcTNPcnRqRHRqSVNnVVdtd0pzWGova2ZjTGhFTEEKWXBkbTU0cWVGQVcvcXkvVDNLSlF2VXg3djZMNmFaS2trNFg4dkRvS0RGbjM3QXJrOVRlMGtTQ0p6ZWNhNHFFNQo4cTgxZU9JSnUrTjV1eUVWOE5wK2lWcUMyeUVoN3FmZjJUL0J2cU5LWWxtV2IwOVJkYXBTc2FteE1sMGVhRjFqCnJTRDVOcnRVYXV0OUtsZ3c1bXBML3FkVkh2YW1zZSs2djV6QmRHTmlPbE1uclR2RjBFRWlrdEg0bkF4M29pQy8KMzZ6cVU0Nkd2dUIzeVg5VVZNVnRDZlJqVDd3cG5zcDVYSzRRVFBxckhlSnlLN1NVSGJuaWFnaFV2UDViOHdnbQovYWM5TUNGM0dzVldvRTMwTVlQamJUV0xTa3M2ME9vTjJwckdZeVUwdklIZmhlNjFFR3QwTytJVzlTR2xxSUpvCkRzTWR4STlBUk1yR3V4KzF0QlFBT1hPRFE3a2t4OW9PWU5ITHIvQW5qYXpJOWthQ0Q4SWhCN29pRTBOUjY0Sy8KVGxoVjZSL0FESWN4TzdHWEhHU2JuODAzTEw0WnoxWVR3Z2xWR3loaUgvS0g5ZVc1Z1N2UVZGaktVSGljSmI3NApVS1YxdU5UQUF6MHVNT0c0U2c9PQotLS0tLUVORCBDRVJUSUZJQ0FURS0tLS0tCg==",
                "host": "https://aks-fd109cbc.hcp.westeurope.azmk8s.io:443",
                "password": "",
                "username": "clusterUser_rg-aks-cluster_aks-cluster"
              }
            ],
            "kube_config_raw": "apiVersion: v1\nclusters:\n- cluster:\n    certificate-authority-data: LS0tLS1CRUdJTiBDRVJUSUZJQ0FURS0tLS0tCk1JSUU2VENDQXRHZ0F3SUJBZ0lSQUpLTzIzZUFHWVAyQkF3eDN3OTU1UEl3RFFZSktvWklodmNOQVFFTEJRQXcKRFRFTE1Ba0dBMVVFQXhNQ1kyRXdJQmNOTWpJeE1EQXlNVEF6TmpRd1doZ1BNakExTWpFd01ESXhNRFEyTkRCYQpNQTB4Q3pBSkJnTlZCQU1UQW1OaE1JSUNJakFOQmdrcWhraUc5dzBCQVFFRkFBT0NBZzhBTUlJQ0NnS0NBZ0VBCjVCNldSdXhjQnpualJ3VWRVWEJveEx6N21YMzFDSEozeTh2ZjRrdXVmSVJackZwOTZmb1Qxdk5rRVh4bTYyc3AKRGdPa0dSWCtOZzU0R1ZNeHgwVEpJSlhNaEx2VzE1UzRyb2E2ZVljM2dBNmhUbkJ3UU1sVnhjNkRmUE5ZYWlWTAp5ZjFiNUtwVjhIUm51WW1ick5XRjlFb0xQNWwvYitiQXVkVVhVVmM0MGNSc3pLcHdFNm5iTWd4cFNjOVRaMENqCjJ5SDR0Z01vWjhkUnNjNWx0OXBGQzV0OHZpb01LWC9aYTMzNW50WjFNRFJPQXNabmh1clhaOEFmcWlLZXpsN28KeWI1UVlkd1o4N0VJWVVwK3Y4RjRpb3NqNzdpY2Qvb0tYWXZmVG5GS290RG5EdE1HZEF3dWdOZmZ2Q0g0VnA5eAo2RVp6U0lGWnRyOHZyd3JjVUJQRmRhTndVZUwwUlc4OTRuMmxQYWc5Z3NiTDVydnorQStaSUZ6eGlYcUw4ckhjCm1YT0ZTZGk2SERVRmZFVGpkNEpPRmFHWFF2cHRqTStSNHBHVEEzbHVaZC9sSEZlSTg3NjJ3ajNqZ0tRRGtGQWEKWGdodHhTYU9sZCswRVFIS0tWc1U3eW4zbGlMZ0dRdU13eldZZGwvY3hFRkFPVk5NYm1qUWNEMXMvakJPbGFrTQpRbE5tbTVGR3VrTnJZN1cwM3lvMWR0alQySWRXUE5CWnUzUDhISSsvNVh3MlB0SElxN1BaRWovaWxDb2VtckpNCjVRcTkzNktRNThXSkttNlFZL0dNTXJjaWFPc002VDBJdUxOK1BRakdJT0xjUjJFeENyeDdUOXBINWlkaVpUdUkKSlQwb3VKaXpkUm91VmRNb3d4NkhuTS8wTWl2akQwV2tvMndXd09EbGZ6MENBd0VBQWFOQ01FQXdEZ1lEVlIwUApBUUgvQkFRREFnS2tNQThHQTFVZEV3RUIvd1FGTUFNQkFmOHdIUVlEVlIwT0JCWUVGRnB6QjhqODZSaElUUTVsCi85QW9wS3lROW5QTE1BMEdDU3FHU0liM0RRRUJDd1VBQTRJQ0FRQmlJbGNVZ1IwODJtaWhPK2NVaEZOU3c0L1gKVElOMDI4UTF4aVBhQSt5TktOSVhwb3J6RnFIV0RYNGJkaGsvOVoydmZMYjFncitTK2FTOTltY2FIZ05rWVd6QQpYSE42elZpd1JJcXFPWDFHYkZzWXpvN2J4Q1JPQncrL20rRlZRWjlGNFNiSkdST2JqUEZTcUtJekRCcjdTRWtxCnJQZnF4c3dDeHZkaU9xamFKa0kxSE1OSWRaaUlQRmNwaUVLcTNPcnRqRHRqSVNnVVdtd0pzWGova2ZjTGhFTEEKWXBkbTU0cWVGQVcvcXkvVDNLSlF2VXg3djZMNmFaS2trNFg4dkRvS0RGbjM3QXJrOVRlMGtTQ0p6ZWNhNHFFNQo4cTgxZU9JSnUrTjV1eUVWOE5wK2lWcUMyeUVoN3FmZjJUL0J2cU5LWWxtV2IwOVJkYXBTc2FteE1sMGVhRjFqCnJTRDVOcnRVYXV0OUtsZ3c1bXBML3FkVkh2YW1zZSs2djV6QmRHTmlPbE1uclR2RjBFRWlrdEg0bkF4M29pQy8KMzZ6cVU0Nkd2dUIzeVg5VVZNVnRDZlJqVDd3cG5zcDVYSzRRVFBxckhlSnlLN1NVSGJuaWFnaFV2UDViOHdnbQovYWM5TUNGM0dzVldvRTMwTVlQamJUV0xTa3M2ME9vTjJwckdZeVUwdklIZmhlNjFFR3QwTytJVzlTR2xxSUpvCkRzTWR4STlBUk1yR3V4KzF0QlFBT1hPRFE3a2t4OW9PWU5ITHIvQW5qYXpJOWthQ0Q4SWhCN29pRTBOUjY0Sy8KVGxoVjZSL0FESWN4TzdHWEhHU2JuODAzTEw0WnoxWVR3Z2xWR3loaUgvS0g5ZVc1Z1N2UVZGaktVSGljSmI3NApVS1YxdU5UQUF6MHVNT0c0U2c9PQotLS0tLUVORCBDRVJUSUZJQ0FURS0tLS0tCg==\n    server: https://aks-fd109cbc.hcp.westeurope.azmk8s.io:443\n  name: aks-cluster\ncontexts:\n- context:\n    cluster: aks-cluster\n    user: clusterUser_rg-aks-cluster_aks-cluster\n  name: aks-cluster\ncurrent-context: aks-cluster\nkind: Config\npreferences: {}\nusers:\n- name: clusterUser_rg-aks-cluster_aks-cluster\n  user:\n    exec:\n      apiVersion: client.authentication.k8s.io/v1beta1\n      args:\n      - get-token\n      - --environment\n      - AzurePublicCloud\n      - --server-id\n      - 6dae42f8-4368-4678-94ff-3960e28e3630\n      - --client-id\n      - 80faf920-1908-4b52-b5ef-a8e7bedfc67a\n      - --tenant-id\n      - 72f988bf-86f1-41af-91ab-2d7cd011db47\n      - --login\n      - devicecode\n      command: kubelogin\n      env: null\n      provideClusterInfo: false\n",
            "kubelet_identity": [
              {
                "client_id": "6ab49cc8-7bc8-4634-898a-917ad6de69db",
                "object_id": "a0778435-43b9-4aa7-a678-6fefeebe0f51",
                "user_assigned_identity_id": "/subscriptions/4b72ed90-7ca3-4e76-8d0f-31a2c0bee7a3/resourceGroups/rg-aks-cluster/providers/Microsoft.ManagedIdentity/userAssignedIdentities/aks-cluster-agentpool"
              }
            ],
            "kubernetes_version": "1.24.3",
            "linux_profile": [],
            "local_account_disabled": true,
            "location": "westeurope",
            "maintenance_window": [
              {
                "allowed": [
                  {
                    "day": "Saturday",
                    "hours": [
                      2,
                      8
                    ]
                  }
                ],
                "not_allowed": []
              }
            ],
            "microsoft_defender": [
              {
                "log_analytics_workspace_id": "/subscriptions/4b72ed90-7ca3-4e76-8d0f-31a2c0bee7a3/resourcegroups/DefaultResourceGroup-WEU/providers/Microsoft.OperationalInsights/workspaces/DefaultWorkspace-4b72ed90-7ca3-4e76-8d0f-31a2c0bee7a3-WEU"
              }
            ],
            "name": "aks-cluster",
            "network_profile": [
              {
                "dns_service_ip": "10.0.0.10",
                "docker_bridge_cidr": "172.17.0.1/16",
                "ip_versions": [
                  "IPv4"
                ],
                "load_balancer_profile": [
                  {
                    "effective_outbound_ips": [],
                    "idle_timeout_in_minutes": 0,
                    "managed_outbound_ip_count": 0,
                    "outbound_ip_address_ids": [],
                    "outbound_ip_prefix_ids": [],
                    "outbound_ports_allocated": 0
                  }
                ],
                "load_balancer_sku": "standard",
                "nat_gateway_profile": [],
                "network_mode": "",
                "network_plugin": "azure",
                "network_policy": "calico",
                "outbound_type": "userAssignedNATGateway",
                "pod_cidr": "",
                "service_cidr": "10.0.0.0/16"
              }
            ],
            "node_resource_group": "rg-aks-cluster-managed",
            "oidc_issuer_enabled": true,
            "oidc_issuer_url": "https://westeurope.oic.prod-aks.azure.com/72f988bf-86f1-41af-91ab-2d7cd011db47/6d205b8f-a485-45dc-8073-4014638fbc38/",
            "oms_agent": [
              {
                "log_analytics_workspace_id": "/subscriptions/4b72ed90-7ca3-4e76-8d0f-31a2c0bee7a3/resourceGroups/rg-aks-cluster/providers/Microsoft.OperationalInsights/workspaces/loganalyticsakscluster",
                "oms_agent_identity": [
                  {
                    "client_id": "17935011-7545-48f3-835a-d1f1a67092b8",
                    "object_id": "2a60d016-c82c-41bb-8896-fe0734c563f7",
                    "user_assigned_identity_id": "/subscriptions/4b72ed90-7ca3-4e76-8d0f-31a2c0bee7a3/resourcegroups/rg-aks-cluster-managed/providers/Microsoft.ManagedIdentity/userAssignedIdentities/omsagent-aks-cluster"
                  }
                ]
              }
            ],
            "open_service_mesh_enabled": true,
            "portal_fqdn": "aks-fd109cbc.portal.hcp.westeurope.azmk8s.io",
            "private_cluster_enabled": false,
            "private_cluster_public_fqdn_enabled": false,
            "private_dns_zone_id": "",
            "private_fqdn": "",
            "public_network_access_enabled": true,
            "resource_group_name": "rg-aks-cluster",
            "role_based_access_control_enabled": true,
            "run_command_enabled": true,
            "service_principal": [],
            "sku_tier": "Free",
            "tags": {
              "environment": "development",
              "source": "terraform"
            },
            "timeouts": null,
            "windows_profile": [
              {
                "admin_password": "",
                "admin_username": "azureuser",
                "gmsa": [],
                "license": ""
              }
            ]
          },
          "sensitive_attributes": [],
          "private": "eyJlMmJmYjczMC1lY2FhLTExZTYtOGY4OC0zNDM2M2JjN2M0YzAiOnsiY3JlYXRlIjo1NDAwMDAwMDAwMDAwLCJkZWxldGUiOjU0MDAwMDAwMDAwMDAsInJlYWQiOjMwMDAwMDAwMDAwMCwidXBkYXRlIjo1NDAwMDAwMDAwMDAwfSwic2NoZW1hX3ZlcnNpb24iOiIyIn0=",
          "dependencies": [
            "azuread_group.aks_admins",
            "azurerm_application_gateway.appgw",
            "azurerm_log_analytics_workspace.workspace",
            "azurerm_private_dns_zone.private_dns_aks",
            "azurerm_public_ip.appgw_pip",
            "azurerm_resource_group.rg",
            "azurerm_subnet.subnet_appgw",
            "azurerm_subnet.subnet_nodes",
            "azurerm_subnet.subnet_pods",
            "azurerm_user_assigned_identity.identity-aks",
            "azurerm_user_assigned_identity.identity-kubelet",
            "azurerm_virtual_network.vnet",
            "data.azurerm_subscription.current"
          ]
        }
      ]
    },
    {
      "mode": "managed",
      "type": "azurerm_kubernetes_cluster_node_pool",
      "name": "poolspot",
      "provider": "provider[\"registry.terraform.io/hashicorp/azurerm\"]",
      "instances": [
        {
          "index_key": 0,
          "schema_version": 1,
          "attributes": {
            "capacity_reservation_group_id": "",
            "enable_auto_scaling": true,
            "enable_host_encryption": false,
            "enable_node_public_ip": false,
            "eviction_policy": "Delete",
            "fips_enabled": false,
            "host_group_id": "",
            "id": "/subscriptions/4b72ed90-7ca3-4e76-8d0f-31a2c0bee7a3/resourceGroups/rg-aks-cluster/providers/Microsoft.ContainerService/managedClusters/aks-cluster/agentPools/poolspot",
            "kubelet_config": [],
            "kubelet_disk_type": "OS",
            "kubernetes_cluster_id": "/subscriptions/4b72ed90-7ca3-4e76-8d0f-31a2c0bee7a3/resourceGroups/rg-aks-cluster/providers/Microsoft.ContainerService/managedClusters/aks-cluster",
            "linux_os_config": [],
            "max_count": 3,
            "max_pods": 110,
            "min_count": 1,
            "mode": "User",
            "name": "poolspot",
            "node_count": 1,
            "node_labels": {
              "kubernetes.azure.com/scalesetpriority": "spot"
            },
            "node_public_ip_prefix_id": "",
            "node_taints": [
              "kubernetes.azure.com/scalesetpriority=spot:NoSchedule"
            ],
            "orchestrator_version": "",
            "os_disk_size_gb": 60,
            "os_disk_type": "Ephemeral",
            "os_sku": "Ubuntu",
            "os_type": "Linux",
            "pod_subnet_id": "/subscriptions/4b72ed90-7ca3-4e76-8d0f-31a2c0bee7a3/resourceGroups/rg-aks-cluster/providers/Microsoft.Network/virtualNetworks/vnet-spoke-aks/subnets/subnet-aks-pods",
            "priority": "Spot",
            "proximity_placement_group_id": "",
            "scale_down_mode": "Delete",
            "spot_max_price": -1,
            "tags": {
              "environment": "development",
              "source": "terraform"
            },
            "timeouts": null,
            "ultra_ssd_enabled": false,
            "upgrade_settings": [],
            "vm_size": "Standard_D2ds_v5",
            "vnet_subnet_id": "/subscriptions/4b72ed90-7ca3-4e76-8d0f-31a2c0bee7a3/resourceGroups/rg-aks-cluster/providers/Microsoft.Network/virtualNetworks/vnet-spoke-aks/subnets/subnet-aks-nodes",
            "workload_runtime": "",
            "zones": [
              "1",
              "2",
              "3"
            ]
          },
          "sensitive_attributes": [],
          "private": "eyJlMmJmYjczMC1lY2FhLTExZTYtOGY4OC0zNDM2M2JjN2M0YzAiOnsiY3JlYXRlIjozNjAwMDAwMDAwMDAwLCJkZWxldGUiOjM2MDAwMDAwMDAwMDAsInJlYWQiOjMwMDAwMDAwMDAwMCwidXBkYXRlIjozNjAwMDAwMDAwMDAwfSwic2NoZW1hX3ZlcnNpb24iOiIxIn0=",
          "dependencies": [
            "azuread_group.aks_admins",
            "azurerm_application_gateway.appgw",
            "azurerm_kubernetes_cluster.aks",
            "azurerm_log_analytics_workspace.workspace",
            "azurerm_private_dns_zone.private_dns_aks",
            "azurerm_public_ip.appgw_pip",
            "azurerm_resource_group.rg",
            "azurerm_subnet.subnet_appgw",
            "azurerm_subnet.subnet_nodes",
            "azurerm_subnet.subnet_pods",
            "azurerm_user_assigned_identity.identity-aks",
            "azurerm_user_assigned_identity.identity-kubelet",
            "azurerm_virtual_network.vnet",
            "data.azurerm_subscription.current"
          ]
        }
      ]
    },
    {
      "mode": "managed",
      "type": "azurerm_log_analytics_solution",
      "name": "solution",
      "provider": "provider[\"registry.terraform.io/hashicorp/azurerm\"]",
      "instances": [
        {
          "index_key": 0,
          "schema_version": 1,
          "attributes": {
            "id": "/subscriptions/4b72ed90-7ca3-4e76-8d0f-31a2c0bee7a3/resourceGroups/rg-aks-cluster/providers/Microsoft.OperationsManagement/solutions/ContainerInsights(loganalyticsakscluster)",
            "location": "westeurope",
            "plan": [
              {
                "name": "ContainerInsights(loganalyticsakscluster)",
                "product": "OMSGallery/ContainerInsights",
                "promotion_code": "",
                "publisher": "Microsoft"
              }
            ],
            "resource_group_name": "rg-aks-cluster",
            "solution_name": "ContainerInsights",
            "tags": {
              "environment": "development",
              "source": "terraform"
            },
            "timeouts": null,
            "workspace_name": "loganalyticsakscluster",
            "workspace_resource_id": "/subscriptions/4b72ed90-7ca3-4e76-8d0f-31a2c0bee7a3/resourceGroups/rg-aks-cluster/providers/Microsoft.OperationalInsights/workspaces/loganalyticsakscluster"
          },
          "sensitive_attributes": [],
          "private": "eyJlMmJmYjczMC1lY2FhLTExZTYtOGY4OC0zNDM2M2JjN2M0YzAiOnsiY3JlYXRlIjoxODAwMDAwMDAwMDAwLCJkZWxldGUiOjE4MDAwMDAwMDAwMDAsInJlYWQiOjMwMDAwMDAwMDAwMCwidXBkYXRlIjoxODAwMDAwMDAwMDAwfSwic2NoZW1hX3ZlcnNpb24iOiIxIn0=",
          "dependencies": [
            "azurerm_log_analytics_workspace.workspace",
            "azurerm_resource_group.rg"
          ]
        }
      ]
    },
    {
      "mode": "managed",
      "type": "azurerm_log_analytics_workspace",
      "name": "workspace",
      "provider": "provider[\"registry.terraform.io/hashicorp/azurerm\"]",
      "instances": [
        {
          "index_key": 0,
          "schema_version": 2,
          "attributes": {
            "cmk_for_query_forced": false,
            "daily_quota_gb": -1,
            "id": "/subscriptions/4b72ed90-7ca3-4e76-8d0f-31a2c0bee7a3/resourceGroups/rg-aks-cluster/providers/Microsoft.OperationalInsights/workspaces/loganalyticsakscluster",
            "internet_ingestion_enabled": true,
            "internet_query_enabled": true,
            "location": "westeurope",
            "name": "loganalyticsakscluster",
            "primary_shared_key": "cVn4KXnYS7saZbou0oLgy9JNYfBFcnbBsn5KGNINsWh0Eryl+LGP31vOCic1/xEGSOFQ+YW5V02rYEuuaoN0hg==",
            "reservation_capacity_in_gb_per_day": null,
            "resource_group_name": "rg-aks-cluster",
            "retention_in_days": 30,
            "secondary_shared_key": "aotntjVvGJT/8sIIFxyQ6k2qBfq1To/hvuxLVi9MkjyNFY4bDRaOOJol4abIT+H1asEDyndUaJXkE7a8U+OrOQ==",
            "sku": "PerGB2018",
            "tags": {
              "environment": "development",
              "source": "terraform"
            },
            "timeouts": null,
            "workspace_id": "7d1ec0a5-9bdd-4e1b-8d20-3f0ff48b5abb"
          },
          "sensitive_attributes": [],
          "private": "eyJlMmJmYjczMC1lY2FhLTExZTYtOGY4OC0zNDM2M2JjN2M0YzAiOnsiY3JlYXRlIjoxODAwMDAwMDAwMDAwLCJkZWxldGUiOjE4MDAwMDAwMDAwMDAsInJlYWQiOjMwMDAwMDAwMDAwMCwidXBkYXRlIjoxODAwMDAwMDAwMDAwfSwic2NoZW1hX3ZlcnNpb24iOiIyIn0=",
          "dependencies": [
            "azurerm_resource_group.rg"
          ]
        }
      ]
    },
    {
      "mode": "managed",
      "type": "azurerm_monitor_diagnostic_setting",
      "name": "diagnostics_settings_acr",
      "provider": "provider[\"registry.terraform.io/hashicorp/azurerm\"]",
      "instances": [
        {
          "schema_version": 0,
          "attributes": {
            "eventhub_authorization_rule_id": "",
            "eventhub_name": "",
            "id": "/subscriptions/4b72ed90-7ca3-4e76-8d0f-31a2c0bee7a3/resourceGroups/rg-shared/providers/Microsoft.ContainerRegistry/registries/acrforakstf0111|diagnostics-settings",
            "log": [
              {
                "category": "ContainerRegistryLoginEvents",
                "category_group": "",
                "enabled": true,
                "retention_policy": [
                  {
                    "days": null,
                    "enabled": true
                  }
                ]
              },
              {
                "category": "ContainerRegistryRepositoryEvents",
                "category_group": "",
                "enabled": true,
                "retention_policy": [
                  {
                    "days": null,
                    "enabled": true
                  }
                ]
              }
            ],
            "log_analytics_destination_type": "",
            "log_analytics_workspace_id": "/subscriptions/4b72ed90-7ca3-4e76-8d0f-31a2c0bee7a3/resourceGroups/rg-aks-cluster/providers/Microsoft.OperationalInsights/workspaces/loganalyticsakscluster",
            "metric": [
              {
                "category": "AllMetrics",
                "enabled": true,
                "retention_policy": [
                  {
                    "days": null,
                    "enabled": true
                  }
                ]
              }
            ],
            "name": "diagnostics-settings",
            "storage_account_id": null,
            "target_resource_id": "/subscriptions/4b72ed90-7ca3-4e76-8d0f-31a2c0bee7a3/resourceGroups/rg-shared/providers/Microsoft.ContainerRegistry/registries/acrforakstf0111",
            "timeouts": null
          },
          "sensitive_attributes": [],
          "private": "eyJlMmJmYjczMC1lY2FhLTExZTYtOGY4OC0zNDM2M2JjN2M0YzAiOnsiY3JlYXRlIjoxODAwMDAwMDAwMDAwLCJkZWxldGUiOjM2MDAwMDAwMDAwMDAsInJlYWQiOjMwMDAwMDAwMDAwMCwidXBkYXRlIjoxODAwMDAwMDAwMDAwfX0=",
          "dependencies": [
            "azurerm_container_registry.acr",
            "azurerm_log_analytics_workspace.workspace",
            "azurerm_resource_group.rg",
            "azurerm_resource_group.rg_shared"
          ]
        }
      ]
    },
    {
      "mode": "managed",
      "type": "azurerm_monitor_diagnostic_setting",
      "name": "diagnostics_settings_aks",
      "provider": "provider[\"registry.terraform.io/hashicorp/azurerm\"]",
      "instances": [
        {
          "index_key": 0,
          "schema_version": 0,
          "attributes": {
            "eventhub_authorization_rule_id": "",
            "eventhub_name": "",
            "id": "/subscriptions/4b72ed90-7ca3-4e76-8d0f-31a2c0bee7a3/resourceGroups/rg-aks-cluster/providers/Microsoft.ContainerService/managedClusters/aks-cluster|diagnostics-settings",
            "log": [
              {
                "category": "cloud-controller-manager",
                "category_group": "",
                "enabled": true,
                "retention_policy": [
                  {
                    "days": 0,
                    "enabled": true
                  }
                ]
              },
              {
                "category": "cluster-autoscaler",
                "category_group": "",
                "enabled": true,
                "retention_policy": [
                  {
                    "days": 0,
                    "enabled": true
                  }
                ]
              },
              {
                "category": "csi-azuredisk-controller",
                "category_group": "",
                "enabled": true,
                "retention_policy": [
                  {
                    "days": 0,
                    "enabled": true
                  }
                ]
              },
              {
                "category": "csi-azurefile-controller",
                "category_group": "",
                "enabled": true,
                "retention_policy": [
                  {
                    "days": 0,
                    "enabled": true
                  }
                ]
              },
              {
                "category": "csi-snapshot-controller",
                "category_group": "",
                "enabled": true,
                "retention_policy": [
                  {
                    "days": 0,
                    "enabled": true
                  }
                ]
              },
              {
                "category": "guard",
                "category_group": "",
                "enabled": true,
                "retention_policy": [
                  {
                    "days": 0,
                    "enabled": true
                  }
                ]
              },
              {
                "category": "kube-apiserver",
                "category_group": "",
                "enabled": true,
                "retention_policy": [
                  {
                    "days": 0,
                    "enabled": true
                  }
                ]
              },
              {
                "category": "kube-audit",
                "category_group": "",
                "enabled": true,
                "retention_policy": [
                  {
                    "days": 0,
                    "enabled": true
                  }
                ]
              },
              {
                "category": "kube-audit-admin",
                "category_group": "",
                "enabled": true,
                "retention_policy": [
                  {
                    "days": 0,
                    "enabled": true
                  }
                ]
              },
              {
                "category": "kube-controller-manager",
                "category_group": "",
                "enabled": true,
                "retention_policy": [
                  {
                    "days": 0,
                    "enabled": true
                  }
                ]
              },
              {
                "category": "kube-scheduler",
                "category_group": "",
                "enabled": true,
                "retention_policy": [
                  {
                    "days": 0,
                    "enabled": true
                  }
                ]
              }
            ],
            "log_analytics_destination_type": "",
            "log_analytics_workspace_id": "/subscriptions/4b72ed90-7ca3-4e76-8d0f-31a2c0bee7a3/resourceGroups/rg-aks-cluster/providers/Microsoft.OperationalInsights/workspaces/loganalyticsakscluster",
            "metric": [
              {
                "category": "AllMetrics",
                "enabled": true,
                "retention_policy": [
                  {
                    "days": 0,
                    "enabled": true
                  }
                ]
              }
            ],
            "name": "diagnostics-settings",
            "storage_account_id": null,
            "target_resource_id": "/subscriptions/4b72ed90-7ca3-4e76-8d0f-31a2c0bee7a3/resourceGroups/rg-aks-cluster/providers/Microsoft.ContainerService/managedClusters/aks-cluster",
            "timeouts": null
          },
          "sensitive_attributes": [],
          "private": "eyJlMmJmYjczMC1lY2FhLTExZTYtOGY4OC0zNDM2M2JjN2M0YzAiOnsiY3JlYXRlIjoxODAwMDAwMDAwMDAwLCJkZWxldGUiOjM2MDAwMDAwMDAwMDAsInJlYWQiOjMwMDAwMDAwMDAwMCwidXBkYXRlIjoxODAwMDAwMDAwMDAwfX0=",
          "dependencies": [
            "azuread_group.aks_admins",
            "azurerm_application_gateway.appgw",
            "azurerm_kubernetes_cluster.aks",
            "azurerm_log_analytics_workspace.workspace",
            "azurerm_private_dns_zone.private_dns_aks",
            "azurerm_public_ip.appgw_pip",
            "azurerm_resource_group.rg",
            "azurerm_subnet.subnet_appgw",
            "azurerm_subnet.subnet_nodes",
            "azurerm_subnet.subnet_pods",
            "azurerm_user_assigned_identity.identity-aks",
            "azurerm_user_assigned_identity.identity-kubelet",
            "azurerm_virtual_network.vnet",
            "data.azurerm_subscription.current"
          ]
        }
      ]
    },
    {
      "mode": "managed",
      "type": "azurerm_monitor_diagnostic_setting",
      "name": "diagnostics_settings_keyvault",
      "provider": "provider[\"registry.terraform.io/hashicorp/azurerm\"]",
      "instances": []
    },
    {
      "mode": "managed",
      "type": "azurerm_monitor_diagnostic_setting",
      "name": "diagnostics_settings_vnet",
      "provider": "provider[\"registry.terraform.io/hashicorp/azurerm\"]",
      "instances": [
        {
          "schema_version": 0,
          "attributes": {
            "eventhub_authorization_rule_id": "",
            "eventhub_name": "",
            "id": "/subscriptions/4b72ed90-7ca3-4e76-8d0f-31a2c0bee7a3/resourceGroups/rg-aks-cluster/providers/Microsoft.Network/virtualNetworks/vnet-spoke-aks|diagnostics-settings",
            "log": [
              {
                "category": "VMProtectionAlerts",
                "category_group": "",
                "enabled": true,
                "retention_policy": [
                  {
                    "days": null,
                    "enabled": true
                  }
                ]
              }
            ],
            "log_analytics_destination_type": "",
            "log_analytics_workspace_id": "/subscriptions/4b72ed90-7ca3-4e76-8d0f-31a2c0bee7a3/resourceGroups/rg-aks-cluster/providers/Microsoft.OperationalInsights/workspaces/loganalyticsakscluster",
            "metric": [
              {
                "category": "AllMetrics",
                "enabled": true,
                "retention_policy": [
                  {
                    "days": null,
                    "enabled": true
                  }
                ]
              }
            ],
            "name": "diagnostics-settings",
            "storage_account_id": null,
            "target_resource_id": "/subscriptions/4b72ed90-7ca3-4e76-8d0f-31a2c0bee7a3/resourceGroups/rg-aks-cluster/providers/Microsoft.Network/virtualNetworks/vnet-spoke-aks",
            "timeouts": null
          },
          "sensitive_attributes": [],
          "private": "eyJlMmJmYjczMC1lY2FhLTExZTYtOGY4OC0zNDM2M2JjN2M0YzAiOnsiY3JlYXRlIjoxODAwMDAwMDAwMDAwLCJkZWxldGUiOjM2MDAwMDAwMDAwMDAsInJlYWQiOjMwMDAwMDAwMDAwMCwidXBkYXRlIjoxODAwMDAwMDAwMDAwfX0=",
          "dependencies": [
            "azurerm_log_analytics_workspace.workspace",
            "azurerm_resource_group.rg",
            "azurerm_virtual_network.vnet"
          ]
        }
      ]
    },
    {
      "mode": "managed",
      "type": "azurerm_nat_gateway",
      "name": "natgw",
      "provider": "provider[\"registry.terraform.io/hashicorp/azurerm\"]",
      "instances": [
        {
          "index_key": 0,
          "schema_version": 0,
          "attributes": {
            "id": "/subscriptions/4b72ed90-7ca3-4e76-8d0f-31a2c0bee7a3/resourceGroups/rg-aks-cluster/providers/Microsoft.Network/natGateways/NAT-Gateway",
            "idle_timeout_in_minutes": 10,
            "location": "westeurope",
            "name": "NAT-Gateway",
            "resource_group_name": "rg-aks-cluster",
            "resource_guid": "8541a144-1c68-491d-9998-c4d239a333da",
            "sku_name": "Standard",
            "tags": {},
            "timeouts": null,
            "zones": [
              "1"
            ]
          },
          "sensitive_attributes": [],
          "private": "eyJlMmJmYjczMC1lY2FhLTExZTYtOGY4OC0zNDM2M2JjN2M0YzAiOnsiY3JlYXRlIjozNjAwMDAwMDAwMDAwLCJkZWxldGUiOjM2MDAwMDAwMDAwMDAsInJlYWQiOjMwMDAwMDAwMDAwMCwidXBkYXRlIjozNjAwMDAwMDAwMDAwfX0=",
          "dependencies": [
            "azurerm_resource_group.rg"
          ]
        }
      ]
    },
    {
      "mode": "managed",
      "type": "azurerm_nat_gateway_public_ip_association",
      "name": "pip_assoc",
      "provider": "provider[\"registry.terraform.io/hashicorp/azurerm\"]",
      "instances": [
        {
          "index_key": 0,
          "schema_version": 0,
          "attributes": {
            "id": "/subscriptions/4b72ed90-7ca3-4e76-8d0f-31a2c0bee7a3/resourceGroups/rg-aks-cluster/providers/Microsoft.Network/natGateways/NAT-Gateway|/subscriptions/4b72ed90-7ca3-4e76-8d0f-31a2c0bee7a3/resourceGroups/rg-aks-cluster/providers/Microsoft.Network/publicIPAddresses/nat-gateway-public-ip",
            "nat_gateway_id": "/subscriptions/4b72ed90-7ca3-4e76-8d0f-31a2c0bee7a3/resourceGroups/rg-aks-cluster/providers/Microsoft.Network/natGateways/NAT-Gateway",
            "public_ip_address_id": "/subscriptions/4b72ed90-7ca3-4e76-8d0f-31a2c0bee7a3/resourceGroups/rg-aks-cluster/providers/Microsoft.Network/publicIPAddresses/nat-gateway-public-ip",
            "timeouts": null
          },
          "sensitive_attributes": [],
          "private": "eyJlMmJmYjczMC1lY2FhLTExZTYtOGY4OC0zNDM2M2JjN2M0YzAiOnsiY3JlYXRlIjoxODAwMDAwMDAwMDAwLCJkZWxldGUiOjE4MDAwMDAwMDAwMDAsInJlYWQiOjMwMDAwMDAwMDAwMH19",
          "dependencies": [
            "azurerm_nat_gateway.natgw",
            "azurerm_public_ip.natgw_pip",
            "azurerm_resource_group.rg"
          ]
        }
      ]
    },
    {
      "mode": "managed",
      "type": "azurerm_private_dns_zone",
      "name": "private_dns_aks",
      "provider": "provider[\"registry.terraform.io/hashicorp/azurerm\"]",
      "instances": []
    },
    {
      "mode": "managed",
      "type": "azurerm_private_dns_zone",
      "name": "private_dns_zone_acr",
      "provider": "provider[\"registry.terraform.io/hashicorp/azurerm\"]",
      "instances": [
        {
          "schema_version": 0,
          "attributes": {
            "id": "/subscriptions/4b72ed90-7ca3-4e76-8d0f-31a2c0bee7a3/resourceGroups/rg-shared/providers/Microsoft.Network/privateDnsZones/privatelink.azurecr.io",
            "max_number_of_record_sets": 25000,
            "max_number_of_virtual_network_links": 1000,
            "max_number_of_virtual_network_links_with_registration": 100,
            "name": "privatelink.azurecr.io",
            "number_of_record_sets": 3,
            "resource_group_name": "rg-shared",
            "soa_record": [
              {
                "email": "azureprivatedns-host.microsoft.com",
                "expire_time": 2419200,
                "fqdn": "privatelink.azurecr.io.",
                "host_name": "azureprivatedns.net",
                "minimum_ttl": 10,
                "refresh_time": 3600,
                "retry_time": 300,
                "serial_number": 1,
                "tags": {},
                "ttl": 3600
              }
            ],
            "tags": {
              "environment": "development",
              "source": "terraform"
            },
            "timeouts": null
          },
          "sensitive_attributes": [],
          "private": "eyJlMmJmYjczMC1lY2FhLTExZTYtOGY4OC0zNDM2M2JjN2M0YzAiOnsiY3JlYXRlIjoxODAwMDAwMDAwMDAwLCJkZWxldGUiOjE4MDAwMDAwMDAwMDAsInJlYWQiOjMwMDAwMDAwMDAwMCwidXBkYXRlIjoxODAwMDAwMDAwMDAwfX0=",
          "dependencies": [
            "azurerm_resource_group.rg_shared"
          ]
        }
      ]
    },
    {
      "mode": "managed",
      "type": "azurerm_private_endpoint",
      "name": "pe_acr",
      "provider": "provider[\"registry.terraform.io/hashicorp/azurerm\"]",
      "instances": [
        {
          "schema_version": 0,
          "attributes": {
            "custom_dns_configs": [],
            "custom_network_interface_name": "",
            "id": "/subscriptions/4b72ed90-7ca3-4e76-8d0f-31a2c0bee7a3/resourceGroups/rg-shared/providers/Microsoft.Network/privateEndpoints/acr-private-endpoint",
            "ip_configuration": [],
            "location": "westeurope",
            "name": "acr-private-endpoint",
            "network_interface": [
              {
                "id": "/subscriptions/4b72ed90-7ca3-4e76-8d0f-31a2c0bee7a3/resourceGroups/rg-shared/providers/Microsoft.Network/networkInterfaces/acr-private-endpoint.nic.ae85a570-df15-4da2-bd11-bfc71af17632",
                "name": "acr-private-endpoint.nic.ae85a570-df15-4da2-bd11-bfc71af17632"
              }
            ],
            "private_dns_zone_configs": [
              {
                "id": "/subscriptions/4b72ed90-7ca3-4e76-8d0f-31a2c0bee7a3/resourceGroups/rg-shared/providers/Microsoft.Network/privateEndpoints/acr-private-endpoint/privateDnsZoneGroups/container-registry-private-dns-zone-group/privateDnsZoneConfigs/privatelink.azurecr.io",
                "name": "privatelink.azurecr.io",
                "private_dns_zone_id": "/subscriptions/4b72ed90-7ca3-4e76-8d0f-31a2c0bee7a3/resourceGroups/rg-shared/providers/Microsoft.Network/privateDnsZones/privatelink.azurecr.io",
                "record_sets": [
                  {
                    "fqdn": "acrforakstf0111.westeurope.data.privatelink.azurecr.io",
                    "ip_addresses": [
                      "10.3.0.4"
                    ],
                    "name": "acrforakstf0111.westeurope.data",
                    "ttl": 10,
                    "type": "A"
                  },
                  {
                    "fqdn": "acrforakstf0111.privatelink.azurecr.io",
                    "ip_addresses": [
                      "10.3.0.5"
                    ],
                    "name": "acrforakstf0111",
                    "ttl": 10,
                    "type": "A"
                  }
                ]
              }
            ],
            "private_dns_zone_group": [
              {
                "id": "/subscriptions/4b72ed90-7ca3-4e76-8d0f-31a2c0bee7a3/resourceGroups/rg-shared/providers/Microsoft.Network/privateEndpoints/acr-private-endpoint/privateDnsZoneGroups/container-registry-private-dns-zone-group",
                "name": "container-registry-private-dns-zone-group",
                "private_dns_zone_ids": [
                  "/subscriptions/4b72ed90-7ca3-4e76-8d0f-31a2c0bee7a3/resourceGroups/rg-shared/providers/Microsoft.Network/privateDnsZones/privatelink.azurecr.io"
                ]
              }
            ],
            "private_service_connection": [
              {
                "is_manual_connection": false,
                "name": "container-registry-connection",
                "private_connection_resource_alias": "",
                "private_connection_resource_id": "/subscriptions/4b72ed90-7ca3-4e76-8d0f-31a2c0bee7a3/resourceGroups/rg-shared/providers/Microsoft.ContainerRegistry/registries/acrforakstf0111",
                "private_ip_address": "10.3.0.4",
                "request_message": "",
                "subresource_names": [
                  "registry"
                ]
              }
            ],
            "resource_group_name": "rg-shared",
            "subnet_id": "/subscriptions/4b72ed90-7ca3-4e76-8d0f-31a2c0bee7a3/resourceGroups/rg-aks-cluster/providers/Microsoft.Network/virtualNetworks/vnet-spoke-aks/subnets/subnet-pe",
            "tags": {
              "environment": "development",
              "source": "terraform"
            },
            "timeouts": null
          },
          "sensitive_attributes": [],
          "private": "eyJlMmJmYjczMC1lY2FhLTExZTYtOGY4OC0zNDM2M2JjN2M0YzAiOnsiY3JlYXRlIjozNjAwMDAwMDAwMDAwLCJkZWxldGUiOjM2MDAwMDAwMDAwMDAsInJlYWQiOjMwMDAwMDAwMDAwMCwidXBkYXRlIjozNjAwMDAwMDAwMDAwfX0=",
          "dependencies": [
            "azurerm_container_registry.acr",
            "azurerm_private_dns_zone.private_dns_zone_acr",
            "azurerm_resource_group.rg",
            "azurerm_resource_group.rg_shared",
            "azurerm_subnet.subnet_pe",
            "azurerm_virtual_network.vnet"
          ]
        }
      ]
    },
    {
      "mode": "managed",
      "type": "azurerm_private_endpoint",
      "name": "pe_keyvault",
      "provider": "provider[\"registry.terraform.io/hashicorp/azurerm\"]",
      "instances": []
    },
    {
      "mode": "managed",
      "type": "azurerm_public_ip",
      "name": "appgw_pip",
      "provider": "provider[\"registry.terraform.io/hashicorp/azurerm\"]",
      "instances": [
        {
          "index_key": 0,
          "schema_version": 0,
          "attributes": {
            "allocation_method": "Static",
            "domain_name_label": null,
            "edge_zone": "",
            "fqdn": null,
            "id": "/subscriptions/4b72ed90-7ca3-4e76-8d0f-31a2c0bee7a3/resourceGroups/rg-aks-cluster/providers/Microsoft.Network/publicIPAddresses/public-ip-appgw",
            "idle_timeout_in_minutes": 4,
            "ip_address": "20.160.177.207",
            "ip_tags": {},
            "ip_version": "IPv4",
            "location": "westeurope",
            "name": "public-ip-appgw",
            "public_ip_prefix_id": null,
            "resource_group_name": "rg-aks-cluster",
            "reverse_fqdn": null,
            "sku": "Standard",
            "sku_tier": "Regional",
            "tags": {
              "environment": "development",
              "source": "terraform"
            },
            "timeouts": null,
            "zones": []
          },
          "sensitive_attributes": [],
          "private": "eyJlMmJmYjczMC1lY2FhLTExZTYtOGY4OC0zNDM2M2JjN2M0YzAiOnsiY3JlYXRlIjoxODAwMDAwMDAwMDAwLCJkZWxldGUiOjE4MDAwMDAwMDAwMDAsInJlYWQiOjMwMDAwMDAwMDAwMCwidXBkYXRlIjoxODAwMDAwMDAwMDAwfX0=",
          "dependencies": [
            "azurerm_resource_group.rg"
          ],
          "create_before_destroy": true
        }
      ]
    },
    {
      "mode": "managed",
      "type": "azurerm_public_ip",
      "name": "natgw_pip",
      "provider": "provider[\"registry.terraform.io/hashicorp/azurerm\"]",
      "instances": [
        {
          "index_key": 0,
          "schema_version": 0,
          "attributes": {
            "allocation_method": "Static",
            "domain_name_label": null,
            "edge_zone": "",
            "fqdn": null,
            "id": "/subscriptions/4b72ed90-7ca3-4e76-8d0f-31a2c0bee7a3/resourceGroups/rg-aks-cluster/providers/Microsoft.Network/publicIPAddresses/nat-gateway-public-ip",
            "idle_timeout_in_minutes": 4,
            "ip_address": "20.13.11.207",
            "ip_tags": {},
            "ip_version": "IPv4",
            "location": "westeurope",
            "name": "nat-gateway-public-ip",
            "public_ip_prefix_id": null,
            "resource_group_name": "rg-aks-cluster",
            "reverse_fqdn": null,
            "sku": "Standard",
            "sku_tier": "Regional",
            "tags": {},
            "timeouts": null,
            "zones": [
              "1"
            ]
          },
          "sensitive_attributes": [],
          "private": "eyJlMmJmYjczMC1lY2FhLTExZTYtOGY4OC0zNDM2M2JjN2M0YzAiOnsiY3JlYXRlIjoxODAwMDAwMDAwMDAwLCJkZWxldGUiOjE4MDAwMDAwMDAwMDAsInJlYWQiOjMwMDAwMDAwMDAwMCwidXBkYXRlIjoxODAwMDAwMDAwMDAwfX0=",
          "dependencies": [
            "azurerm_resource_group.rg"
          ]
        }
      ]
    },
    {
      "mode": "managed",
      "type": "azurerm_public_ip_prefix",
      "name": "natgw_ip_prefix",
      "provider": "provider[\"registry.terraform.io/hashicorp/azurerm\"]",
      "instances": [
        {
          "index_key": 0,
          "schema_version": 0,
          "attributes": {
            "id": "/subscriptions/4b72ed90-7ca3-4e76-8d0f-31a2c0bee7a3/resourceGroups/rg-aks-cluster/providers/Microsoft.Network/publicIPPrefixes/nat-gateway-publicIPPrefix",
            "ip_prefix": "20.13.13.64/30",
            "ip_version": "IPv4",
            "location": "westeurope",
            "name": "nat-gateway-publicIPPrefix",
            "prefix_length": 30,
            "resource_group_name": "rg-aks-cluster",
            "sku": "Standard",
            "tags": {},
            "timeouts": null,
            "zones": [
              "1"
            ]
          },
          "sensitive_attributes": [],
          "private": "eyJlMmJmYjczMC1lY2FhLTExZTYtOGY4OC0zNDM2M2JjN2M0YzAiOnsiY3JlYXRlIjoxODAwMDAwMDAwMDAwLCJkZWxldGUiOjE4MDAwMDAwMDAwMDAsInJlYWQiOjMwMDAwMDAwMDAwMCwidXBkYXRlIjoxODAwMDAwMDAwMDAwfX0=",
          "dependencies": [
            "azurerm_resource_group.rg"
          ]
        }
      ]
    },
    {
      "mode": "managed",
      "type": "azurerm_resource_group",
      "name": "rg",
      "provider": "provider[\"registry.terraform.io/hashicorp/azurerm\"]",
      "instances": [
        {
          "schema_version": 0,
          "attributes": {
            "id": "/subscriptions/4b72ed90-7ca3-4e76-8d0f-31a2c0bee7a3/resourceGroups/rg-aks-cluster",
            "location": "westeurope",
            "name": "rg-aks-cluster",
            "tags": {
              "environment": "development",
              "source": "terraform"
            },
            "timeouts": null
          },
          "sensitive_attributes": [],
          "private": "eyJlMmJmYjczMC1lY2FhLTExZTYtOGY4OC0zNDM2M2JjN2M0YzAiOnsiY3JlYXRlIjo1NDAwMDAwMDAwMDAwLCJkZWxldGUiOjU0MDAwMDAwMDAwMDAsInJlYWQiOjMwMDAwMDAwMDAwMCwidXBkYXRlIjo1NDAwMDAwMDAwMDAwfX0=",
          "create_before_destroy": true
        }
      ]
    },
    {
      "mode": "managed",
      "type": "azurerm_resource_group",
      "name": "rg_shared",
      "provider": "provider[\"registry.terraform.io/hashicorp/azurerm\"]",
      "instances": [
        {
          "schema_version": 0,
          "attributes": {
            "id": "/subscriptions/4b72ed90-7ca3-4e76-8d0f-31a2c0bee7a3/resourceGroups/rg-shared",
            "location": "westeurope",
            "name": "rg-shared",
            "tags": {
              "environment": "development",
              "source": "terraform"
            },
            "timeouts": null
          },
          "sensitive_attributes": [],
          "private": "eyJlMmJmYjczMC1lY2FhLTExZTYtOGY4OC0zNDM2M2JjN2M0YzAiOnsiY3JlYXRlIjo1NDAwMDAwMDAwMDAwLCJkZWxldGUiOjU0MDAwMDAwMDAwMDAsInJlYWQiOjMwMDAwMDAwMDAwMCwidXBkYXRlIjo1NDAwMDAwMDAwMDAwfX0="
        }
      ]
    },
    {
      "mode": "managed",
      "type": "azurerm_role_assignment",
      "name": "aks_mi_contributor_aks_rg",
      "provider": "provider[\"registry.terraform.io/hashicorp/azurerm\"]",
      "instances": [
        {
          "schema_version": 0,
          "attributes": {
            "condition": "",
            "condition_version": "",
            "delegated_managed_identity_resource_id": "",
            "description": "",
            "id": "/subscriptions/4b72ed90-7ca3-4e76-8d0f-31a2c0bee7a3/resourceGroups/rg-aks-cluster/providers/Microsoft.Authorization/roleAssignments/996f8e9a-59c4-2540-7391-692b0e494c83",
            "name": "996f8e9a-59c4-2540-7391-692b0e494c83",
            "principal_id": "e0639575-ae8f-4835-887a-c1609494847d",
            "principal_type": "ServicePrincipal",
            "role_definition_id": "/subscriptions/4b72ed90-7ca3-4e76-8d0f-31a2c0bee7a3/providers/Microsoft.Authorization/roleDefinitions/b24988ac-6180-42a0-ab88-20f7382dd24c",
            "role_definition_name": "Contributor",
            "scope": "/subscriptions/4b72ed90-7ca3-4e76-8d0f-31a2c0bee7a3/resourceGroups/rg-aks-cluster",
            "skip_service_principal_aad_check": true,
            "timeouts": null
          },
          "sensitive_attributes": [],
          "private": "eyJlMmJmYjczMC1lY2FhLTExZTYtOGY4OC0zNDM2M2JjN2M0YzAiOnsiY3JlYXRlIjoxODAwMDAwMDAwMDAwLCJkZWxldGUiOjE4MDAwMDAwMDAwMDAsInJlYWQiOjMwMDAwMDAwMDAwMCwidXBkYXRlIjoxODAwMDAwMDAwMDAwfX0=",
          "dependencies": [
            "azurerm_resource_group.rg",
            "azurerm_user_assigned_identity.identity-aks"
          ]
        }
      ]
    },
    {
      "mode": "managed",
      "type": "azurerm_role_assignment",
      "name": "aks_mi_network_contributor",
      "provider": "provider[\"registry.terraform.io/hashicorp/azurerm\"]",
      "instances": [
        {
          "schema_version": 0,
          "attributes": {
            "condition": "",
            "condition_version": "",
            "delegated_managed_identity_resource_id": "",
            "description": "",
            "id": "/subscriptions/4b72ed90-7ca3-4e76-8d0f-31a2c0bee7a3/resourceGroups/rg-aks-cluster/providers/Microsoft.Network/virtualNetworks/vnet-spoke-aks/providers/Microsoft.Authorization/roleAssignments/66d1096a-abae-5922-5d25-b801a60459d2",
            "name": "66d1096a-abae-5922-5d25-b801a60459d2",
            "principal_id": "e0639575-ae8f-4835-887a-c1609494847d",
            "principal_type": "ServicePrincipal",
            "role_definition_id": "/subscriptions/4b72ed90-7ca3-4e76-8d0f-31a2c0bee7a3/providers/Microsoft.Authorization/roleDefinitions/4d97b98b-1d4f-4787-a291-c67834d212e7",
            "role_definition_name": "Network Contributor",
            "scope": "/subscriptions/4b72ed90-7ca3-4e76-8d0f-31a2c0bee7a3/resourceGroups/rg-aks-cluster/providers/Microsoft.Network/virtualNetworks/vnet-spoke-aks",
            "skip_service_principal_aad_check": true,
            "timeouts": null
          },
          "sensitive_attributes": [],
          "private": "eyJlMmJmYjczMC1lY2FhLTExZTYtOGY4OC0zNDM2M2JjN2M0YzAiOnsiY3JlYXRlIjoxODAwMDAwMDAwMDAwLCJkZWxldGUiOjE4MDAwMDAwMDAwMDAsInJlYWQiOjMwMDAwMDAwMDAwMCwidXBkYXRlIjoxODAwMDAwMDAwMDAwfX0=",
          "dependencies": [
            "azurerm_resource_group.rg",
            "azurerm_user_assigned_identity.identity-aks",
            "azurerm_virtual_network.vnet"
          ]
        }
      ]
    },
    {
      "mode": "managed",
      "type": "azurerm_role_assignment",
      "name": "aks_mi_operator",
      "provider": "provider[\"registry.terraform.io/hashicorp/azurerm\"]",
      "instances": [
        {
          "schema_version": 0,
          "attributes": {
            "condition": "",
            "condition_version": "",
            "delegated_managed_identity_resource_id": "",
            "description": "",
            "id": "/subscriptions/4b72ed90-7ca3-4e76-8d0f-31a2c0bee7a3/resourceGroups/rg-aks-cluster/providers/Microsoft.ManagedIdentity/userAssignedIdentities/aks-cluster-agentpool/providers/Microsoft.Authorization/roleAssignments/1c095382-3117-6e72-dd08-99001ea6e69e",
            "name": "1c095382-3117-6e72-dd08-99001ea6e69e",
            "principal_id": "e0639575-ae8f-4835-887a-c1609494847d",
            "principal_type": "ServicePrincipal",
            "role_definition_id": "/subscriptions/4b72ed90-7ca3-4e76-8d0f-31a2c0bee7a3/providers/Microsoft.Authorization/roleDefinitions/f1a07417-d97a-45cb-824c-7a7467783830",
            "role_definition_name": "Managed Identity Operator",
            "scope": "/subscriptions/4b72ed90-7ca3-4e76-8d0f-31a2c0bee7a3/resourceGroups/rg-aks-cluster/providers/Microsoft.ManagedIdentity/userAssignedIdentities/aks-cluster-agentpool",
            "skip_service_principal_aad_check": true,
            "timeouts": null
          },
          "sensitive_attributes": [],
          "private": "eyJlMmJmYjczMC1lY2FhLTExZTYtOGY4OC0zNDM2M2JjN2M0YzAiOnsiY3JlYXRlIjoxODAwMDAwMDAwMDAwLCJkZWxldGUiOjE4MDAwMDAwMDAwMDAsInJlYWQiOjMwMDAwMDAwMDAwMCwidXBkYXRlIjoxODAwMDAwMDAwMDAwfX0=",
          "dependencies": [
            "azurerm_resource_group.rg",
            "azurerm_user_assigned_identity.identity-aks",
            "azurerm_user_assigned_identity.identity-kubelet"
          ]
        }
      ]
    },
    {
      "mode": "managed",
      "type": "azurerm_role_assignment",
      "name": "current_user_aks_admin",
      "provider": "provider[\"registry.terraform.io/hashicorp/azurerm\"]",
      "instances": [
        {
          "index_key": 0,
          "schema_version": 0,
          "attributes": {
            "condition": "",
            "condition_version": "",
            "delegated_managed_identity_resource_id": "",
            "description": "",
            "id": "/subscriptions/4b72ed90-7ca3-4e76-8d0f-31a2c0bee7a3/resourceGroups/rg-aks-cluster/providers/Microsoft.ContainerService/managedClusters/aks-cluster/providers/Microsoft.Authorization/roleAssignments/c588baa3-89c9-c7e0-40d2-779a5afad3a1",
            "name": "c588baa3-89c9-c7e0-40d2-779a5afad3a1",
            "principal_id": "9c1706eb-db28-4105-b993-f93a83f974b8",
            "principal_type": "User",
            "role_definition_id": "/subscriptions/4b72ed90-7ca3-4e76-8d0f-31a2c0bee7a3/providers/Microsoft.Authorization/roleDefinitions/b1ff04bb-8a4e-4dc4-8eb5-8693973ce19b",
            "role_definition_name": "Azure Kubernetes Service RBAC Cluster Admin",
            "scope": "/subscriptions/4b72ed90-7ca3-4e76-8d0f-31a2c0bee7a3/resourceGroups/rg-aks-cluster/providers/Microsoft.ContainerService/managedClusters/aks-cluster",
            "skip_service_principal_aad_check": false,
            "timeouts": null
          },
          "sensitive_attributes": [],
          "private": "eyJlMmJmYjczMC1lY2FhLTExZTYtOGY4OC0zNDM2M2JjN2M0YzAiOnsiY3JlYXRlIjoxODAwMDAwMDAwMDAwLCJkZWxldGUiOjE4MDAwMDAwMDAwMDAsInJlYWQiOjMwMDAwMDAwMDAwMCwidXBkYXRlIjoxODAwMDAwMDAwMDAwfX0=",
          "dependencies": [
            "azuread_group.aks_admins",
            "azurerm_application_gateway.appgw",
            "azurerm_kubernetes_cluster.aks",
            "azurerm_log_analytics_workspace.workspace",
            "azurerm_private_dns_zone.private_dns_aks",
            "azurerm_public_ip.appgw_pip",
            "azurerm_resource_group.rg",
            "azurerm_subnet.subnet_appgw",
            "azurerm_subnet.subnet_nodes",
            "azurerm_subnet.subnet_pods",
            "azurerm_user_assigned_identity.identity-aks",
            "azurerm_user_assigned_identity.identity-kubelet",
            "azurerm_virtual_network.vnet",
            "data.azuread_client_config.current",
            "data.azurerm_subscription.current"
          ]
        }
      ]
    },
    {
      "mode": "managed",
      "type": "azurerm_role_assignment",
      "name": "role-contributor",
      "provider": "provider[\"registry.terraform.io/hashicorp/azurerm\"]",
      "instances": [
        {
          "index_key": 0,
          "schema_version": 0,
          "attributes": {
            "condition": "",
            "condition_version": "",
            "delegated_managed_identity_resource_id": "",
            "description": "",
            "id": "/subscriptions/4b72ed90-7ca3-4e76-8d0f-31a2c0bee7a3/resourceGroups/rg-aks-cluster/providers/Microsoft.Authorization/roleAssignments/07f82541-47da-5517-861d-e3df380c59b7",
            "name": "07f82541-47da-5517-861d-e3df380c59b7",
            "principal_id": "7439934d-1e62-4a33-b7b6-27485fd79041",
            "principal_type": "ServicePrincipal",
            "role_definition_id": "/subscriptions/4b72ed90-7ca3-4e76-8d0f-31a2c0bee7a3/providers/Microsoft.Authorization/roleDefinitions/b24988ac-6180-42a0-ab88-20f7382dd24c",
            "role_definition_name": "Contributor",
            "scope": "/subscriptions/4b72ed90-7ca3-4e76-8d0f-31a2c0bee7a3/resourceGroups/rg-aks-cluster",
            "skip_service_principal_aad_check": null,
            "timeouts": null
          },
          "sensitive_attributes": [],
          "private": "eyJlMmJmYjczMC1lY2FhLTExZTYtOGY4OC0zNDM2M2JjN2M0YzAiOnsiY3JlYXRlIjoxODAwMDAwMDAwMDAwLCJkZWxldGUiOjE4MDAwMDAwMDAwMDAsInJlYWQiOjMwMDAwMDAwMDAwMCwidXBkYXRlIjoxODAwMDAwMDAwMDAwfX0=",
          "dependencies": [
            "azuread_group.aks_admins",
            "azurerm_application_gateway.appgw",
            "azurerm_kubernetes_cluster.aks",
            "azurerm_log_analytics_workspace.workspace",
            "azurerm_private_dns_zone.private_dns_aks",
            "azurerm_public_ip.appgw_pip",
            "azurerm_resource_group.rg",
            "azurerm_subnet.subnet_appgw",
            "azurerm_subnet.subnet_nodes",
            "azurerm_subnet.subnet_pods",
            "azurerm_user_assigned_identity.identity-aks",
            "azurerm_user_assigned_identity.identity-kubelet",
            "azurerm_virtual_network.vnet",
            "data.azurerm_subscription.current"
          ]
        }
      ]
    },
    {
      "mode": "managed",
      "type": "azurerm_role_assignment",
      "name": "role_acrpull",
      "provider": "provider[\"registry.terraform.io/hashicorp/azurerm\"]",
      "instances": [
        {
          "schema_version": 0,
          "attributes": {
            "condition": "",
            "condition_version": "",
            "delegated_managed_identity_resource_id": "",
            "description": "",
            "id": "/subscriptions/4b72ed90-7ca3-4e76-8d0f-31a2c0bee7a3/resourceGroups/rg-shared/providers/Microsoft.ContainerRegistry/registries/acrforakstf0111/providers/Microsoft.Authorization/roleAssignments/06756af5-1140-a34e-9c8c-f46731cf3151",
            "name": "06756af5-1140-a34e-9c8c-f46731cf3151",
            "principal_id": "a0778435-43b9-4aa7-a678-6fefeebe0f51",
            "principal_type": "ServicePrincipal",
            "role_definition_id": "/subscriptions/4b72ed90-7ca3-4e76-8d0f-31a2c0bee7a3/providers/Microsoft.Authorization/roleDefinitions/7f951dda-4ed3-4680-a7ca-43fe172d538d",
            "role_definition_name": "AcrPull",
            "scope": "/subscriptions/4b72ed90-7ca3-4e76-8d0f-31a2c0bee7a3/resourceGroups/rg-shared/providers/Microsoft.ContainerRegistry/registries/acrforakstf0111",
            "skip_service_principal_aad_check": true,
            "timeouts": null
          },
          "sensitive_attributes": [],
          "private": "eyJlMmJmYjczMC1lY2FhLTExZTYtOGY4OC0zNDM2M2JjN2M0YzAiOnsiY3JlYXRlIjoxODAwMDAwMDAwMDAwLCJkZWxldGUiOjE4MDAwMDAwMDAwMDAsInJlYWQiOjMwMDAwMDAwMDAwMCwidXBkYXRlIjoxODAwMDAwMDAwMDAwfX0=",
          "dependencies": [
            "azurerm_container_registry.acr",
            "azurerm_resource_group.rg",
            "azurerm_resource_group.rg_shared",
            "azurerm_user_assigned_identity.identity-kubelet"
          ]
        }
      ]
    },
    {
      "mode": "managed",
      "type": "azurerm_role_assignment",
      "name": "role_secret_officer",
      "provider": "provider[\"registry.terraform.io/hashicorp/azurerm\"]",
      "instances": []
    },
    {
      "mode": "managed",
      "type": "azurerm_subnet",
      "name": "subnet_appgw",
      "provider": "provider[\"registry.terraform.io/hashicorp/azurerm\"]",
      "instances": [
        {
          "index_key": 0,
          "schema_version": 0,
          "attributes": {
            "address_prefixes": [
              "10.1.0.0/16"
            ],
            "delegation": [],
            "enforce_private_link_endpoint_network_policies": false,
            "enforce_private_link_service_network_policies": false,
            "id": "/subscriptions/4b72ed90-7ca3-4e76-8d0f-31a2c0bee7a3/resourceGroups/rg-aks-cluster/providers/Microsoft.Network/virtualNetworks/vnet-spoke-aks/subnets/subnet-appgw",
            "name": "subnet-appgw",
            "private_endpoint_network_policies_enabled": true,
            "private_link_service_network_policies_enabled": true,
            "resource_group_name": "rg-aks-cluster",
            "service_endpoint_policy_ids": [],
            "service_endpoints": [],
            "timeouts": null,
            "virtual_network_name": "vnet-spoke-aks"
          },
          "sensitive_attributes": [],
          "private": "eyJlMmJmYjczMC1lY2FhLTExZTYtOGY4OC0zNDM2M2JjN2M0YzAiOnsiY3JlYXRlIjoxODAwMDAwMDAwMDAwLCJkZWxldGUiOjE4MDAwMDAwMDAwMDAsInJlYWQiOjMwMDAwMDAwMDAwMCwidXBkYXRlIjoxODAwMDAwMDAwMDAwfX0=",
          "dependencies": [
            "azurerm_resource_group.rg",
            "azurerm_virtual_network.vnet"
          ],
          "create_before_destroy": true
        }
      ]
    },
    {
      "mode": "managed",
      "type": "azurerm_subnet",
      "name": "subnet_nodes",
      "provider": "provider[\"registry.terraform.io/hashicorp/azurerm\"]",
      "instances": [
        {
          "schema_version": 0,
          "attributes": {
            "address_prefixes": [
              "10.241.0.0/24"
            ],
            "delegation": [],
            "enforce_private_link_endpoint_network_policies": false,
            "enforce_private_link_service_network_policies": false,
            "id": "/subscriptions/4b72ed90-7ca3-4e76-8d0f-31a2c0bee7a3/resourceGroups/rg-aks-cluster/providers/Microsoft.Network/virtualNetworks/vnet-spoke-aks/subnets/subnet-aks-nodes",
            "name": "subnet-aks-nodes",
            "private_endpoint_network_policies_enabled": true,
            "private_link_service_network_policies_enabled": true,
            "resource_group_name": "rg-aks-cluster",
            "service_endpoint_policy_ids": [],
            "service_endpoints": [],
            "timeouts": null,
            "virtual_network_name": "vnet-spoke-aks"
          },
          "sensitive_attributes": [],
          "private": "eyJlMmJmYjczMC1lY2FhLTExZTYtOGY4OC0zNDM2M2JjN2M0YzAiOnsiY3JlYXRlIjoxODAwMDAwMDAwMDAwLCJkZWxldGUiOjE4MDAwMDAwMDAwMDAsInJlYWQiOjMwMDAwMDAwMDAwMCwidXBkYXRlIjoxODAwMDAwMDAwMDAwfX0=",
          "dependencies": [
            "azurerm_resource_group.rg",
            "azurerm_virtual_network.vnet"
          ]
        }
      ]
    },
    {
      "mode": "managed",
      "type": "azurerm_subnet",
      "name": "subnet_pe",
      "provider": "provider[\"registry.terraform.io/hashicorp/azurerm\"]",
      "instances": [
        {
          "index_key": 0,
          "schema_version": 0,
          "attributes": {
            "address_prefixes": [
              "10.3.0.0/28"
            ],
            "delegation": [],
            "enforce_private_link_endpoint_network_policies": false,
            "enforce_private_link_service_network_policies": false,
            "id": "/subscriptions/4b72ed90-7ca3-4e76-8d0f-31a2c0bee7a3/resourceGroups/rg-aks-cluster/providers/Microsoft.Network/virtualNetworks/vnet-spoke-aks/subnets/subnet-pe",
            "name": "subnet-pe",
            "private_endpoint_network_policies_enabled": true,
            "private_link_service_network_policies_enabled": true,
            "resource_group_name": "rg-aks-cluster",
            "service_endpoint_policy_ids": [],
            "service_endpoints": [],
            "timeouts": null,
            "virtual_network_name": "vnet-spoke-aks"
          },
          "sensitive_attributes": [],
          "private": "eyJlMmJmYjczMC1lY2FhLTExZTYtOGY4OC0zNDM2M2JjN2M0YzAiOnsiY3JlYXRlIjoxODAwMDAwMDAwMDAwLCJkZWxldGUiOjE4MDAwMDAwMDAwMDAsInJlYWQiOjMwMDAwMDAwMDAwMCwidXBkYXRlIjoxODAwMDAwMDAwMDAwfX0=",
          "dependencies": [
            "azurerm_resource_group.rg",
            "azurerm_virtual_network.vnet"
          ]
        }
      ]
    },
    {
      "mode": "managed",
      "type": "azurerm_subnet",
      "name": "subnet_pods",
      "provider": "provider[\"registry.terraform.io/hashicorp/azurerm\"]",
      "instances": [
        {
          "schema_version": 0,
          "attributes": {
            "address_prefixes": [
              "10.240.0.0/16"
            ],
            "delegation": [
              {
                "name": "aks-delegation",
                "service_delegation": [
                  {
                    "actions": [
                      "Microsoft.Network/virtualNetworks/subnets/join/action"
                    ],
                    "name": "Microsoft.ContainerService/managedClusters"
                  }
                ]
              }
            ],
            "enforce_private_link_endpoint_network_policies": false,
            "enforce_private_link_service_network_policies": false,
            "id": "/subscriptions/4b72ed90-7ca3-4e76-8d0f-31a2c0bee7a3/resourceGroups/rg-aks-cluster/providers/Microsoft.Network/virtualNetworks/vnet-spoke-aks/subnets/subnet-aks-pods",
            "name": "subnet-aks-pods",
            "private_endpoint_network_policies_enabled": true,
            "private_link_service_network_policies_enabled": true,
            "resource_group_name": "rg-aks-cluster",
            "service_endpoint_policy_ids": [],
            "service_endpoints": [],
            "timeouts": null,
            "virtual_network_name": "vnet-spoke-aks"
          },
          "sensitive_attributes": [],
          "private": "eyJlMmJmYjczMC1lY2FhLTExZTYtOGY4OC0zNDM2M2JjN2M0YzAiOnsiY3JlYXRlIjoxODAwMDAwMDAwMDAwLCJkZWxldGUiOjE4MDAwMDAwMDAwMDAsInJlYWQiOjMwMDAwMDAwMDAwMCwidXBkYXRlIjoxODAwMDAwMDAwMDAwfX0=",
          "dependencies": [
            "azurerm_resource_group.rg",
            "azurerm_virtual_network.vnet"
          ]
        }
      ]
    },
    {
      "mode": "managed",
      "type": "azurerm_subnet_nat_gateway_association",
      "name": "subnetappgw_assoc",
      "provider": "provider[\"registry.terraform.io/hashicorp/azurerm\"]",
      "instances": [
        {
          "index_key": 0,
          "schema_version": 0,
          "attributes": {
            "id": "/subscriptions/4b72ed90-7ca3-4e76-8d0f-31a2c0bee7a3/resourceGroups/rg-aks-cluster/providers/Microsoft.Network/virtualNetworks/vnet-spoke-aks/subnets/subnet-appgw",
            "nat_gateway_id": "/subscriptions/4b72ed90-7ca3-4e76-8d0f-31a2c0bee7a3/resourceGroups/rg-aks-cluster/providers/Microsoft.Network/natGateways/NAT-Gateway",
            "subnet_id": "/subscriptions/4b72ed90-7ca3-4e76-8d0f-31a2c0bee7a3/resourceGroups/rg-aks-cluster/providers/Microsoft.Network/virtualNetworks/vnet-spoke-aks/subnets/subnet-appgw",
            "timeouts": null
          },
          "sensitive_attributes": [],
          "private": "eyJlMmJmYjczMC1lY2FhLTExZTYtOGY4OC0zNDM2M2JjN2M0YzAiOnsiY3JlYXRlIjoxODAwMDAwMDAwMDAwLCJkZWxldGUiOjE4MDAwMDAwMDAwMDAsInJlYWQiOjMwMDAwMDAwMDAwMCwidXBkYXRlIjoxODAwMDAwMDAwMDAwfX0=",
          "dependencies": [
            "azurerm_nat_gateway.natgw",
            "azurerm_resource_group.rg",
            "azurerm_subnet.subnet_appgw",
            "azurerm_virtual_network.vnet"
          ]
        }
      ]
    },
    {
      "mode": "managed",
      "type": "azurerm_subnet_nat_gateway_association",
      "name": "subnetnodes_assoc",
      "provider": "provider[\"registry.terraform.io/hashicorp/azurerm\"]",
      "instances": [
        {
          "index_key": 0,
          "schema_version": 0,
          "attributes": {
            "id": "/subscriptions/4b72ed90-7ca3-4e76-8d0f-31a2c0bee7a3/resourceGroups/rg-aks-cluster/providers/Microsoft.Network/virtualNetworks/vnet-spoke-aks/subnets/subnet-aks-nodes",
            "nat_gateway_id": "/subscriptions/4b72ed90-7ca3-4e76-8d0f-31a2c0bee7a3/resourceGroups/rg-aks-cluster/providers/Microsoft.Network/natGateways/NAT-Gateway",
            "subnet_id": "/subscriptions/4b72ed90-7ca3-4e76-8d0f-31a2c0bee7a3/resourceGroups/rg-aks-cluster/providers/Microsoft.Network/virtualNetworks/vnet-spoke-aks/subnets/subnet-aks-nodes",
            "timeouts": null
          },
          "sensitive_attributes": [],
          "private": "eyJlMmJmYjczMC1lY2FhLTExZTYtOGY4OC0zNDM2M2JjN2M0YzAiOnsiY3JlYXRlIjoxODAwMDAwMDAwMDAwLCJkZWxldGUiOjE4MDAwMDAwMDAwMDAsInJlYWQiOjMwMDAwMDAwMDAwMCwidXBkYXRlIjoxODAwMDAwMDAwMDAwfX0=",
          "dependencies": [
            "azurerm_nat_gateway.natgw",
            "azurerm_resource_group.rg",
            "azurerm_subnet.subnet_nodes",
            "azurerm_virtual_network.vnet"
          ]
        }
      ]
    },
    {
      "mode": "managed",
      "type": "azurerm_subnet_nat_gateway_association",
      "name": "subnetpods_assoc",
      "provider": "provider[\"registry.terraform.io/hashicorp/azurerm\"]",
      "instances": [
        {
          "index_key": 0,
          "schema_version": 0,
          "attributes": {
            "id": "/subscriptions/4b72ed90-7ca3-4e76-8d0f-31a2c0bee7a3/resourceGroups/rg-aks-cluster/providers/Microsoft.Network/virtualNetworks/vnet-spoke-aks/subnets/subnet-aks-pods",
            "nat_gateway_id": "/subscriptions/4b72ed90-7ca3-4e76-8d0f-31a2c0bee7a3/resourceGroups/rg-aks-cluster/providers/Microsoft.Network/natGateways/NAT-Gateway",
            "subnet_id": "/subscriptions/4b72ed90-7ca3-4e76-8d0f-31a2c0bee7a3/resourceGroups/rg-aks-cluster/providers/Microsoft.Network/virtualNetworks/vnet-spoke-aks/subnets/subnet-aks-pods",
            "timeouts": null
          },
          "sensitive_attributes": [],
          "private": "eyJlMmJmYjczMC1lY2FhLTExZTYtOGY4OC0zNDM2M2JjN2M0YzAiOnsiY3JlYXRlIjoxODAwMDAwMDAwMDAwLCJkZWxldGUiOjE4MDAwMDAwMDAwMDAsInJlYWQiOjMwMDAwMDAwMDAwMCwidXBkYXRlIjoxODAwMDAwMDAwMDAwfX0=",
          "dependencies": [
            "azurerm_nat_gateway.natgw",
            "azurerm_resource_group.rg",
            "azurerm_subnet.subnet_pods",
            "azurerm_virtual_network.vnet"
          ]
        }
      ]
    },
    {
      "mode": "managed",
      "type": "azurerm_user_assigned_identity",
      "name": "identity-aks",
      "provider": "provider[\"registry.terraform.io/hashicorp/azurerm\"]",
      "instances": [
        {
          "schema_version": 1,
          "attributes": {
            "client_id": "9b873907-8848-467c-9bc5-0e53055e0ffa",
            "id": "/subscriptions/4b72ed90-7ca3-4e76-8d0f-31a2c0bee7a3/resourceGroups/rg-aks-cluster/providers/Microsoft.ManagedIdentity/userAssignedIdentities/identity-aks",
            "location": "westeurope",
            "name": "identity-aks",
            "principal_id": "e0639575-ae8f-4835-887a-c1609494847d",
            "resource_group_name": "rg-aks-cluster",
            "tags": {
              "environment": "development",
              "source": "terraform"
            },
            "tenant_id": "72f988bf-86f1-41af-91ab-2d7cd011db47",
            "timeouts": null
          },
          "sensitive_attributes": [],
          "private": "eyJlMmJmYjczMC1lY2FhLTExZTYtOGY4OC0zNDM2M2JjN2M0YzAiOnsiY3JlYXRlIjoxODAwMDAwMDAwMDAwLCJkZWxldGUiOjE4MDAwMDAwMDAwMDAsInJlYWQiOjMwMDAwMDAwMDAwMCwidXBkYXRlIjoxODAwMDAwMDAwMDAwfSwic2NoZW1hX3ZlcnNpb24iOiIxIn0=",
          "dependencies": [
            "azurerm_resource_group.rg"
          ]
        }
      ]
    },
    {
      "mode": "managed",
      "type": "azurerm_user_assigned_identity",
      "name": "identity-kubelet",
      "provider": "provider[\"registry.terraform.io/hashicorp/azurerm\"]",
      "instances": [
        {
          "schema_version": 1,
          "attributes": {
            "client_id": "6ab49cc8-7bc8-4634-898a-917ad6de69db",
            "id": "/subscriptions/4b72ed90-7ca3-4e76-8d0f-31a2c0bee7a3/resourceGroups/rg-aks-cluster/providers/Microsoft.ManagedIdentity/userAssignedIdentities/aks-cluster-agentpool",
            "location": "westeurope",
            "name": "aks-cluster-agentpool",
            "principal_id": "a0778435-43b9-4aa7-a678-6fefeebe0f51",
            "resource_group_name": "rg-aks-cluster",
            "tags": {
              "environment": "development",
              "source": "terraform"
            },
            "tenant_id": "72f988bf-86f1-41af-91ab-2d7cd011db47",
            "timeouts": null
          },
          "sensitive_attributes": [],
          "private": "eyJlMmJmYjczMC1lY2FhLTExZTYtOGY4OC0zNDM2M2JjN2M0YzAiOnsiY3JlYXRlIjoxODAwMDAwMDAwMDAwLCJkZWxldGUiOjE4MDAwMDAwMDAwMDAsInJlYWQiOjMwMDAwMDAwMDAwMCwidXBkYXRlIjoxODAwMDAwMDAwMDAwfSwic2NoZW1hX3ZlcnNpb24iOiIxIn0=",
          "dependencies": [
            "azurerm_resource_group.rg"
          ]
        }
      ]
    },
    {
      "mode": "managed",
      "type": "azurerm_virtual_network",
      "name": "vnet",
      "provider": "provider[\"registry.terraform.io/hashicorp/azurerm\"]",
      "instances": [
        {
          "schema_version": 0,
          "attributes": {
            "address_space": [
              "10.0.0.0/8"
            ],
            "bgp_community": "",
            "ddos_protection_plan": [],
            "dns_servers": [],
            "edge_zone": "",
            "flow_timeout_in_minutes": 0,
            "guid": "af2bf7ac-1fa4-4ccb-a8ac-2ca49c3ed273",
            "id": "/subscriptions/4b72ed90-7ca3-4e76-8d0f-31a2c0bee7a3/resourceGroups/rg-aks-cluster/providers/Microsoft.Network/virtualNetworks/vnet-spoke-aks",
            "location": "westeurope",
            "name": "vnet-spoke-aks",
            "resource_group_name": "rg-aks-cluster",
            "subnet": [
              {
                "address_prefix": "10.1.0.0/16",
                "id": "/subscriptions/4b72ed90-7ca3-4e76-8d0f-31a2c0bee7a3/resourceGroups/rg-aks-cluster/providers/Microsoft.Network/virtualNetworks/vnet-spoke-aks/subnets/subnet-appgw",
                "name": "subnet-appgw",
                "security_group": ""
              },
              {
                "address_prefix": "10.240.0.0/16",
                "id": "/subscriptions/4b72ed90-7ca3-4e76-8d0f-31a2c0bee7a3/resourceGroups/rg-aks-cluster/providers/Microsoft.Network/virtualNetworks/vnet-spoke-aks/subnets/subnet-aks-pods",
                "name": "subnet-aks-pods",
                "security_group": ""
              },
              {
                "address_prefix": "10.241.0.0/24",
                "id": "/subscriptions/4b72ed90-7ca3-4e76-8d0f-31a2c0bee7a3/resourceGroups/rg-aks-cluster/providers/Microsoft.Network/virtualNetworks/vnet-spoke-aks/subnets/subnet-aks-nodes",
                "name": "subnet-aks-nodes",
                "security_group": "/subscriptions/4b72ed90-7ca3-4e76-8d0f-31a2c0bee7a3/resourceGroups/rg-aks-cluster/providers/Microsoft.Network/networkSecurityGroups/vnet-spoke-aks-subnet-aks-nodes-nsg-westeurope"
              },
              {
                "address_prefix": "10.3.0.0/28",
                "id": "/subscriptions/4b72ed90-7ca3-4e76-8d0f-31a2c0bee7a3/resourceGroups/rg-aks-cluster/providers/Microsoft.Network/virtualNetworks/vnet-spoke-aks/subnets/subnet-pe",
                "name": "subnet-pe",
                "security_group": "/subscriptions/4b72ed90-7ca3-4e76-8d0f-31a2c0bee7a3/resourceGroups/rg-aks-cluster/providers/Microsoft.Network/networkSecurityGroups/vnet-spoke-aks-subnet-pe-nsg-westeurope"
              }
            ],
            "tags": {
              "environment": "development",
              "source": "terraform"
            },
            "timeouts": null
          },
          "sensitive_attributes": [],
          "private": "eyJlMmJmYjczMC1lY2FhLTExZTYtOGY4OC0zNDM2M2JjN2M0YzAiOnsiY3JlYXRlIjoxODAwMDAwMDAwMDAwLCJkZWxldGUiOjE4MDAwMDAwMDAwMDAsInJlYWQiOjMwMDAwMDAwMDAwMCwidXBkYXRlIjoxODAwMDAwMDAwMDAwfX0=",
          "dependencies": [
            "azurerm_resource_group.rg"
          ],
          "create_before_destroy": true
        }
      ]
    }
  ],
  "check_results": []
}
