{
  "version": 4,
  "terraform_version": "1.2.2",
  "serial": 30,
  "lineage": "95eff8f1-b43c-eddb-0abf-ddc5053f5f14",
  "outputs": {
    "application_ip_address": {
      "value": "51.124.241.107",
      "type": "string"
    },
    "client_certificate": {
      "value": "",
      "type": "string",
      "sensitive": true
    },
    "client_key": {
      "value": "",
      "type": "string",
      "sensitive": true
    },
    "cluster_ca_certificate": {
      "value": "LS0tLS1CRUdJTiBDRVJUSUZJQ0FURS0tLS0tCk1JSUU2RENDQXRDZ0F3SUJBZ0lRVkpPMnV4NHhJVVN0eVdvbzBHVVhTakFOQmdrcWhraUc5dzBCQVFzRkFEQU4KTVFzd0NRWURWUVFERXdKallUQWdGdzB5TWpBMk1UTXhOelUyTVRSYUdBOHlNRFV5TURZeE16RTRNRFl4TkZvdwpEVEVMTUFrR0ExVUVBeE1DWTJFd2dnSWlNQTBHQ1NxR1NJYjNEUUVCQVFVQUE0SUNEd0F3Z2dJS0FvSUNBUURsClNrYStPYzErZ3NTMWlLU1FsMWw0VlZOT2ZpMW55RCszNitWZnpMQzBIajF5Q0xBV3NNUGlyc2NRTlNYTUtjZVUKWWlOZFhkTDQ3N3AzSXI4eTN1dVBIZytxZ2lrRExVTUFnUFJtUEg5QWQ2M3EwOGhaQ2R3TjRzemVJK3ZhMnRIQgpLZW8raFFQR0hZSWxnMXFrRitPMzJ1Q1RIWEtBYnlvK3A2L2R6NE16aDVPTjVsU3ZHekFJUjNYeThNL3IzUGFUCktwNDJnTEgyNUhtNGlSS21MZFlyTHRwM1NxQjlGcmFRTFA5c0h6OXlUVlVQSGY2OUlRck10Z3BRYkoxVE1lTysKZk1DOU5wT0U3V09rY1RKWGlmcXhpZnJUZ2JqVTRRdEpIRy92VlF0ODRVL2ViYUpDSUtiQjRzdWYzTXBiMkZLSQpkZ0JMN1pua08xZlRTakFCWWtxdGhzOEVTYk5vQ3luNFB0eCtOUTBCR2tUbnNya3lKMjdvOVRyQmk1eEhHcTdHCk5UWFZZWHNZcWJmak5UdmZKWVFxb0tFMWJBdWU0a2pnRGdHOFhHWWdMNm85WmpFNzE5MnVnVDJ4bWVWSHBFMXEKdlFEeWxOY3hOQkFHTGQxV1pybEhWeGtrbGVoeEVGZEMwdlVMTXVYUnJLUU9zTCtXdWpTTjdoWjVrS1gvbG9BbApuR09vRVdCMlRjWUk3QWJBL0xnbDlhS29icFdtSDFFeGR1aFZ0dFA0aUh4R1l2UEpCZ1NWOCtucERUZ2h2azJPCjV2bUx1TlViZThGU3VoUFVNQlFMbWliQ2U1djNPbU5WSEptUHJvUmxOdjRISjNwdkxrOEJ5MlMranZybnB6K1IKWlNGWC95Uko1OWdzNjlXRmp1MEdhalMrcXlsWFIyblFrUGkyK3NXS3NRSURBUUFCbzBJd1FEQU9CZ05WSFE4QgpBZjhFQkFNQ0FxUXdEd1lEVlIwVEFRSC9CQVV3QXdFQi96QWRCZ05WSFE0RUZnUVUzeW9ORENReVhtdUpxc3RuCmpuNXQ3Vmpoc2RJd0RRWUpLb1pJaHZjTkFRRUxCUUFEZ2dJQkFBRDVxNFlHNUtoUDlaWEhqZ2VuNi8yY1hpVUcKcWZOM0Z0ZlMvNWhxTE9ucUJsZmQxZElRSS9RSVlTRHdlZ0llbTdxYXMvdzNzT1gzeEROL1NmbzhFcnRrQU94RQpZR3hjSzgwWnRuVXY0aVdhT0o5K0ZuRDBpVk9LdG9NNUhYcmRnUDlmb0VsV3JvclFOY3FQbGEvaXoyNjRNRmJwClJydHJ4R29hbkR1SlJHazQ4SzJwQlJBQm1kbERGUXJMZ1g0eWxDVS9JME1zRVBBdVdLdkxwM3U4c0doV3grS1UKWUpEVWhmcUJZaVg2c0tKUy81WnZxZTMwL25UMjl1ZThFbDFyOVpDSTV6bzNhUUFMemxpMnZ4UG1iOEpCM1ovWgpicW1DSnRoaFppRHJRZTIzc1c1NW9aK005Zitiamk5a2V2OUdEb1RQMExGbDUxeTRkamZsejNIcDdibytMRkMxCkdEVXk5a3N2dFFLTDhyRDFlaWM0L0FMbmlxM3RKRTMxdjFZdlM1VUNObVRUM2ZLU2VmdFZ0WGozSEE3S1V2WjYKVXVKVkU3ZG9sdEpnejNUL0ZPclZvYS9XbzViUHhMdkZrNjZvaXpPaXdmUkF2Sm5DSUNBTWZ4TWkzV2luckd5UQptdFhnZnFsTUUrRytpbCtlMmVtVkY2Vk1LcTNmZG9Qbms5ZHNodE1udzAycWNTVUcrVmtZQWloNTdDL0RCQ2pmCmhRSlU0aHBvYVBiM05xVkhEZG9jWUlvS2VOUytpVGtidGdQQmlCeThZYllRQ2dEaDFmRXVZeGpjbGFFcVRtc0kKaysxTEMvSHdodjZ2eVZlS0NyeE9yM2FibnNXUHRWWVB6VXUzTUJ5Ym4vZGkvTzlISDh3UUU5bTZPbzJydTZxRwpETm5QZ3JqbUJpeUs4dlpnCi0tLS0tRU5EIENFUlRJRklDQVRFLS0tLS0K",
      "type": "string",
      "sensitive": true
    },
    "cluster_password": {
      "value": "",
      "type": "string",
      "sensitive": true
    },
    "cluster_username": {
      "value": "clusterUser_rg-aks-cluster_aks-cluster",
      "type": "string",
      "sensitive": true
    },
    "host": {
      "value": "https://aks-1672e1fb.hcp.westeurope.azmk8s.io:443",
      "type": "string",
      "sensitive": true
    },
    "kube_config": {
      "value": "apiVersion: v1\nclusters:\n- cluster:\n    certificate-authority-data: LS0tLS1CRUdJTiBDRVJUSUZJQ0FURS0tLS0tCk1JSUU2RENDQXRDZ0F3SUJBZ0lRVkpPMnV4NHhJVVN0eVdvbzBHVVhTakFOQmdrcWhraUc5dzBCQVFzRkFEQU4KTVFzd0NRWURWUVFERXdKallUQWdGdzB5TWpBMk1UTXhOelUyTVRSYUdBOHlNRFV5TURZeE16RTRNRFl4TkZvdwpEVEVMTUFrR0ExVUVBeE1DWTJFd2dnSWlNQTBHQ1NxR1NJYjNEUUVCQVFVQUE0SUNEd0F3Z2dJS0FvSUNBUURsClNrYStPYzErZ3NTMWlLU1FsMWw0VlZOT2ZpMW55RCszNitWZnpMQzBIajF5Q0xBV3NNUGlyc2NRTlNYTUtjZVUKWWlOZFhkTDQ3N3AzSXI4eTN1dVBIZytxZ2lrRExVTUFnUFJtUEg5QWQ2M3EwOGhaQ2R3TjRzemVJK3ZhMnRIQgpLZW8raFFQR0hZSWxnMXFrRitPMzJ1Q1RIWEtBYnlvK3A2L2R6NE16aDVPTjVsU3ZHekFJUjNYeThNL3IzUGFUCktwNDJnTEgyNUhtNGlSS21MZFlyTHRwM1NxQjlGcmFRTFA5c0h6OXlUVlVQSGY2OUlRck10Z3BRYkoxVE1lTysKZk1DOU5wT0U3V09rY1RKWGlmcXhpZnJUZ2JqVTRRdEpIRy92VlF0ODRVL2ViYUpDSUtiQjRzdWYzTXBiMkZLSQpkZ0JMN1pua08xZlRTakFCWWtxdGhzOEVTYk5vQ3luNFB0eCtOUTBCR2tUbnNya3lKMjdvOVRyQmk1eEhHcTdHCk5UWFZZWHNZcWJmak5UdmZKWVFxb0tFMWJBdWU0a2pnRGdHOFhHWWdMNm85WmpFNzE5MnVnVDJ4bWVWSHBFMXEKdlFEeWxOY3hOQkFHTGQxV1pybEhWeGtrbGVoeEVGZEMwdlVMTXVYUnJLUU9zTCtXdWpTTjdoWjVrS1gvbG9BbApuR09vRVdCMlRjWUk3QWJBL0xnbDlhS29icFdtSDFFeGR1aFZ0dFA0aUh4R1l2UEpCZ1NWOCtucERUZ2h2azJPCjV2bUx1TlViZThGU3VoUFVNQlFMbWliQ2U1djNPbU5WSEptUHJvUmxOdjRISjNwdkxrOEJ5MlMranZybnB6K1IKWlNGWC95Uko1OWdzNjlXRmp1MEdhalMrcXlsWFIyblFrUGkyK3NXS3NRSURBUUFCbzBJd1FEQU9CZ05WSFE4QgpBZjhFQkFNQ0FxUXdEd1lEVlIwVEFRSC9CQVV3QXdFQi96QWRCZ05WSFE0RUZnUVUzeW9ORENReVhtdUpxc3RuCmpuNXQ3Vmpoc2RJd0RRWUpLb1pJaHZjTkFRRUxCUUFEZ2dJQkFBRDVxNFlHNUtoUDlaWEhqZ2VuNi8yY1hpVUcKcWZOM0Z0ZlMvNWhxTE9ucUJsZmQxZElRSS9RSVlTRHdlZ0llbTdxYXMvdzNzT1gzeEROL1NmbzhFcnRrQU94RQpZR3hjSzgwWnRuVXY0aVdhT0o5K0ZuRDBpVk9LdG9NNUhYcmRnUDlmb0VsV3JvclFOY3FQbGEvaXoyNjRNRmJwClJydHJ4R29hbkR1SlJHazQ4SzJwQlJBQm1kbERGUXJMZ1g0eWxDVS9JME1zRVBBdVdLdkxwM3U4c0doV3grS1UKWUpEVWhmcUJZaVg2c0tKUy81WnZxZTMwL25UMjl1ZThFbDFyOVpDSTV6bzNhUUFMemxpMnZ4UG1iOEpCM1ovWgpicW1DSnRoaFppRHJRZTIzc1c1NW9aK005Zitiamk5a2V2OUdEb1RQMExGbDUxeTRkamZsejNIcDdibytMRkMxCkdEVXk5a3N2dFFLTDhyRDFlaWM0L0FMbmlxM3RKRTMxdjFZdlM1VUNObVRUM2ZLU2VmdFZ0WGozSEE3S1V2WjYKVXVKVkU3ZG9sdEpnejNUL0ZPclZvYS9XbzViUHhMdkZrNjZvaXpPaXdmUkF2Sm5DSUNBTWZ4TWkzV2luckd5UQptdFhnZnFsTUUrRytpbCtlMmVtVkY2Vk1LcTNmZG9Qbms5ZHNodE1udzAycWNTVUcrVmtZQWloNTdDL0RCQ2pmCmhRSlU0aHBvYVBiM05xVkhEZG9jWUlvS2VOUytpVGtidGdQQmlCeThZYllRQ2dEaDFmRXVZeGpjbGFFcVRtc0kKaysxTEMvSHdodjZ2eVZlS0NyeE9yM2FibnNXUHRWWVB6VXUzTUJ5Ym4vZGkvTzlISDh3UUU5bTZPbzJydTZxRwpETm5QZ3JqbUJpeUs4dlpnCi0tLS0tRU5EIENFUlRJRklDQVRFLS0tLS0K\n    server: https://aks-1672e1fb.hcp.westeurope.azmk8s.io:443\n  name: aks-cluster\ncontexts:\n- context:\n    cluster: aks-cluster\n    user: clusterUser_rg-aks-cluster_aks-cluster\n  name: aks-cluster\ncurrent-context: aks-cluster\nkind: Config\npreferences: {}\nusers:\n- name: clusterUser_rg-aks-cluster_aks-cluster\n  user:\n    auth-provider:\n      config:\n        apiserver-id: 6dae42f8-4368-4678-94ff-3960e28e3630\n        client-id: 80faf920-1908-4b52-b5ef-a8e7bedfc67a\n        config-mode: \"1\"\n        environment: AzurePublicCloud\n        tenant-id: 558506eb-9459-4ef3-b920-ad55c555e729\n      name: azure\n",
      "type": "string",
      "sensitive": true
    },
    "resource_group_name": {
      "value": "rg-aks-cluster",
      "type": "string"
    }
  },
  "resources": [
    {
      "mode": "data",
      "type": "azuread_client_config",
      "name": "current",
      "provider": "provider[\"registry.terraform.io/hashicorp/azuread\"]",
      "instances": [
        {
          "schema_version": 0,
          "attributes": {
            "client_id": "04b07795-8ddb-461a-bbee-02f9e1bf7b46",
            "id": "558506eb-9459-4ef3-b920-ad55c555e729-04b07795-8ddb-461a-bbee-02f9e1bf7b46-f97fc9ba-ebda-439e-825a-0e25801cb32c",
            "object_id": "f97fc9ba-ebda-439e-825a-0e25801cb32c",
            "tenant_id": "558506eb-9459-4ef3-b920-ad55c555e729",
            "timeouts": null
          },
          "sensitive_attributes": []
        }
      ]
    },
    {
      "mode": "data",
      "type": "azuread_service_principal",
      "name": "aks_aad_server",
      "provider": "provider[\"registry.terraform.io/hashicorp/azuread\"]",
      "instances": [
        {
          "schema_version": 0,
          "attributes": {
            "account_enabled": true,
            "alternative_names": [],
            "app_role_assignment_required": false,
            "app_role_ids": {},
            "app_roles": [],
            "application_id": "6dae42f8-4368-4678-94ff-3960e28e3630",
            "application_tenant_id": "f8cdef31-a31e-4b4a-93e4-5f571e91255a",
            "description": "",
            "display_name": "Azure Kubernetes Service AAD Server",
            "feature_tags": [
              {
                "custom_single_sign_on": false,
                "enterprise": false,
                "gallery": false,
                "hide": false
              }
            ],
            "features": [
              {
                "custom_single_sign_on_app": false,
                "enterprise_application": false,
                "gallery_application": false,
                "visible_to_users": true
              }
            ],
            "homepage_url": "",
            "id": "5dc776ad-9525-4afd-ad24-334e21ad710e",
            "login_url": "",
            "logout_url": "",
            "notes": "",
            "notification_email_addresses": [],
            "oauth2_permission_scope_ids": {
              "user.read": "34a47c2f-cd0d-47b4-a93c-2c41130c671c"
            },
            "oauth2_permission_scopes": [
              {
                "admin_consent_description": "this allows to read user profile",
                "admin_consent_display_name": "user.read",
                "enabled": true,
                "id": "34a47c2f-cd0d-47b4-a93c-2c41130c671c",
                "type": "User",
                "user_consent_description": "this allows to read user profile",
                "user_consent_display_name": "user.read",
                "value": "user.read"
              }
            ],
            "object_id": "5dc776ad-9525-4afd-ad24-334e21ad710e",
            "preferred_single_sign_on_mode": "",
            "redirect_uris": [],
            "saml_metadata_url": "",
            "saml_single_sign_on": [],
            "service_principal_names": [
              "https://aks-aad-server.azure.com"
            ],
            "sign_in_audience": "AzureADMultipleOrgs",
            "tags": [],
            "timeouts": null,
            "type": "Application"
          },
          "sensitive_attributes": []
        }
      ]
    },
    {
      "mode": "data",
      "type": "azurerm_client_config",
      "name": "current",
      "provider": "provider[\"registry.terraform.io/hashicorp/azurerm\"]",
      "instances": [
        {
          "schema_version": 0,
          "attributes": {
            "client_id": "04b07795-8ddb-461a-bbee-02f9e1bf7b46",
            "id": "2022-06-13 17:58:31.2875948 +0000 UTC",
            "object_id": "f97fc9ba-ebda-439e-825a-0e25801cb32c",
            "subscription_id": "25a98a18-5e94-4b21-9d17-e8cf45bfd81f",
            "tenant_id": "558506eb-9459-4ef3-b920-ad55c555e729",
            "timeouts": null
          },
          "sensitive_attributes": []
        }
      ]
    },
    {
      "mode": "data",
      "type": "azurerm_kubernetes_service_versions",
      "name": "current",
      "provider": "provider[\"registry.terraform.io/hashicorp/azurerm\"]",
      "instances": [
        {
          "schema_version": 0,
          "attributes": {
            "id": "/subscriptions/25a98a18-5e94-4b21-9d17-e8cf45bfd81f/providers/Microsoft.ContainerService/locations/westeurope/orchestrators",
            "include_preview": true,
            "latest_version": "1.24.0",
            "location": "westeurope",
            "timeouts": null,
            "version_prefix": null,
            "versions": [
              "1.21.7",
              "1.21.9",
              "1.22.4",
              "1.22.6",
              "1.23.3",
              "1.23.5",
              "1.24.0"
            ]
          },
          "sensitive_attributes": []
        }
      ]
    },
    {
      "mode": "data",
      "type": "azurerm_resource_group",
      "name": "aks_nodes_rg",
      "provider": "provider[\"registry.terraform.io/hashicorp/azurerm\"]",
      "instances": [
        {
          "schema_version": 0,
          "attributes": {
            "id": "/subscriptions/25a98a18-5e94-4b21-9d17-e8cf45bfd81f/resourceGroups/rg-aks-cluster-managed",
            "location": "westeurope",
            "name": "rg-aks-cluster-managed",
            "tags": {
              "aks-managed-cluster-name": "aks-cluster",
              "aks-managed-cluster-rg": "rg-aks-cluster",
              "environment": "development",
              "source": "terraform"
            },
            "timeouts": null
          },
          "sensitive_attributes": []
        }
      ]
    },
    {
      "mode": "data",
      "type": "azurerm_subscription",
      "name": "current",
      "provider": "provider[\"registry.terraform.io/hashicorp/azurerm\"]",
      "instances": [
        {
          "schema_version": 0,
          "attributes": {
            "display_name": "Microsoft-Azure-1",
            "id": "/subscriptions/25a98a18-5e94-4b21-9d17-e8cf45bfd81f",
            "location_placement_id": "Public_2014-09-01",
            "quota_id": "MSDN_2014-09-01",
            "spending_limit": "On",
            "state": "Enabled",
            "subscription_id": "25a98a18-5e94-4b21-9d17-e8cf45bfd81f",
            "tags": {
              "Department": "IT",
              "Environment": "PoC",
              "Owner": "DevOps-Team"
            },
            "tenant_id": "558506eb-9459-4ef3-b920-ad55c555e729",
            "timeouts": null
          },
          "sensitive_attributes": []
        }
      ]
    },
    {
      "mode": "managed",
      "type": "azuread_application",
      "name": "app",
      "provider": "provider[\"registry.terraform.io/hashicorp/azuread\"]",
      "instances": [
        {
          "schema_version": 1,
          "attributes": {
            "api": [
              {
                "known_client_applications": [],
                "mapped_claims_enabled": false,
                "oauth2_permission_scope": [],
                "requested_access_token_version": 1
              }
            ],
            "app_role": [],
            "app_role_ids": {},
            "application_id": "b8478d2c-1644-4022-a0be-f2252963adfa",
            "device_only_auth_enabled": false,
            "disabled_by_microsoft": "\u003cnil\u003e",
            "display_name": "spn-aks-tf",
            "fallback_public_client_enabled": false,
            "feature_tags": [
              {
                "custom_single_sign_on": false,
                "enterprise": false,
                "gallery": false,
                "hide": false
              }
            ],
            "group_membership_claims": null,
            "id": "67726f43-82a6-4e3c-a4c9-fa7469f64b84",
            "identifier_uris": null,
            "logo_image": "",
            "logo_url": "",
            "marketing_url": "",
            "oauth2_permission_scope_ids": {},
            "oauth2_post_response_required": false,
            "object_id": "67726f43-82a6-4e3c-a4c9-fa7469f64b84",
            "optional_claims": [
              {
                "access_token": [],
                "id_token": [],
                "saml2_token": []
              }
            ],
            "owners": null,
            "prevent_duplicate_names": false,
            "privacy_statement_url": "",
            "public_client": [
              {
                "redirect_uris": []
              }
            ],
            "publisher_domain": "houssemdellai.onmicrosoft.com",
            "required_resource_access": [],
            "sign_in_audience": "AzureADMyOrg",
            "single_page_application": [
              {
                "redirect_uris": []
              }
            ],
            "support_url": "",
            "tags": [],
            "template_id": "",
            "terms_of_service_url": "",
            "timeouts": null,
            "web": [
              {
                "homepage_url": "",
                "implicit_grant": [
                  {
                    "access_token_issuance_enabled": false,
                    "id_token_issuance_enabled": false
                  }
                ],
                "logout_url": "",
                "redirect_uris": []
              }
            ]
          },
          "sensitive_attributes": [],
          "private": "eyJlMmJmYjczMC1lY2FhLTExZTYtOGY4OC0zNDM2M2JjN2M0YzAiOnsiY3JlYXRlIjo2MDAwMDAwMDAwMDAsImRlbGV0ZSI6MzAwMDAwMDAwMDAwLCJyZWFkIjozMDAwMDAwMDAwMDAsInVwZGF0ZSI6NjAwMDAwMDAwMDAwfSwic2NoZW1hX3ZlcnNpb24iOiIxIn0=",
          "create_before_destroy": true
        }
      ]
    },
    {
      "mode": "managed",
      "type": "azuread_group",
      "name": "aks_admins",
      "provider": "provider[\"registry.terraform.io/hashicorp/azuread\"]",
      "instances": [
        {
          "schema_version": 0,
          "attributes": {
            "assignable_to_role": false,
            "auto_subscribe_new_members": false,
            "behaviors": null,
            "description": "",
            "display_name": "group_aks_admins",
            "dynamic_membership": [],
            "external_senders_allowed": false,
            "hide_from_address_lists": false,
            "hide_from_outlook_clients": false,
            "id": "45ac937e-0642-40e5-9af9-745bd5cd05ac",
            "mail": "",
            "mail_enabled": false,
            "mail_nickname": "03adef6d-c",
            "members": [
              "d6ee43e1-247d-46a6-9d28-744e205e0546",
              "f97fc9ba-ebda-439e-825a-0e25801cb32c"
            ],
            "object_id": "45ac937e-0642-40e5-9af9-745bd5cd05ac",
            "onpremises_domain_name": "",
            "onpremises_netbios_name": "",
            "onpremises_sam_account_name": "",
            "onpremises_security_identifier": "",
            "onpremises_sync_enabled": false,
            "owners": [
              "f97fc9ba-ebda-439e-825a-0e25801cb32c"
            ],
            "preferred_language": "",
            "prevent_duplicate_names": false,
            "provisioning_options": null,
            "proxy_addresses": [],
            "security_enabled": true,
            "theme": "",
            "timeouts": null,
            "types": null,
            "visibility": ""
          },
          "sensitive_attributes": [],
          "private": "eyJlMmJmYjczMC1lY2FhLTExZTYtOGY4OC0zNDM2M2JjN2M0YzAiOnsiY3JlYXRlIjoxMjAwMDAwMDAwMDAwLCJkZWxldGUiOjMwMDAwMDAwMDAwMCwicmVhZCI6MzAwMDAwMDAwMDAwLCJ1cGRhdGUiOjEyMDAwMDAwMDAwMDB9fQ==",
          "dependencies": [
            "azuread_application.app",
            "azuread_service_principal.spn",
            "data.azuread_client_config.current"
          ],
          "create_before_destroy": true
        }
      ]
    },
    {
      "mode": "managed",
      "type": "azuread_service_principal",
      "name": "spn",
      "provider": "provider[\"registry.terraform.io/hashicorp/azuread\"]",
      "instances": [
        {
          "schema_version": 0,
          "attributes": {
            "account_enabled": true,
            "alternative_names": null,
            "app_role_assignment_required": false,
            "app_role_ids": {},
            "app_roles": [],
            "application_id": "b8478d2c-1644-4022-a0be-f2252963adfa",
            "application_tenant_id": "558506eb-9459-4ef3-b920-ad55c555e729",
            "description": "",
            "display_name": "spn-aks-tf",
            "feature_tags": [
              {
                "custom_single_sign_on": false,
                "enterprise": false,
                "gallery": false,
                "hide": false
              }
            ],
            "features": [
              {
                "custom_single_sign_on_app": false,
                "enterprise_application": false,
                "gallery_application": false,
                "visible_to_users": true
              }
            ],
            "homepage_url": "",
            "id": "d6ee43e1-247d-46a6-9d28-744e205e0546",
            "login_url": "",
            "logout_url": "",
            "notes": "",
            "notification_email_addresses": null,
            "oauth2_permission_scope_ids": {},
            "oauth2_permission_scopes": [],
            "object_id": "d6ee43e1-247d-46a6-9d28-744e205e0546",
            "owners": null,
            "preferred_single_sign_on_mode": "",
            "redirect_uris": [],
            "saml_metadata_url": "",
            "saml_single_sign_on": [
              {
                "relay_state": ""
              }
            ],
            "service_principal_names": [],
            "sign_in_audience": "AzureADMyOrg",
            "tags": [],
            "timeouts": null,
            "type": "Application",
            "use_existing": null
          },
          "sensitive_attributes": [],
          "private": "eyJlMmJmYjczMC1lY2FhLTExZTYtOGY4OC0zNDM2M2JjN2M0YzAiOnsiY3JlYXRlIjo2MDAwMDAwMDAwMDAsImRlbGV0ZSI6MzAwMDAwMDAwMDAwLCJyZWFkIjozMDAwMDAwMDAwMDAsInVwZGF0ZSI6NjAwMDAwMDAwMDAwfX0=",
          "dependencies": [
            "azuread_application.app"
          ],
          "create_before_destroy": true
        }
      ]
    },
    {
      "mode": "managed",
      "type": "azuread_service_principal_password",
      "name": "spn_password",
      "provider": "provider[\"registry.terraform.io/hashicorp/azuread\"]",
      "instances": [
        {
          "schema_version": 1,
          "attributes": {
            "display_name": null,
            "end_date": "2024-06-13T17:59:12Z",
            "end_date_relative": null,
            "id": "d6ee43e1-247d-46a6-9d28-744e205e0546/password/efb9b048-5c83-415e-9f31-2b05ddf619ee",
            "key_id": "efb9b048-5c83-415e-9f31-2b05ddf619ee",
            "rotate_when_changed": null,
            "service_principal_id": "d6ee43e1-247d-46a6-9d28-744e205e0546",
            "start_date": "2022-06-13T17:59:12Z",
            "timeouts": null,
            "value": ".Wu8Q~k~TONAJgkd4DqB2QxeMMQTNlZjldHXgb_L"
          },
          "sensitive_attributes": [],
          "private": "eyJlMmJmYjczMC1lY2FhLTExZTYtOGY4OC0zNDM2M2JjN2M0YzAiOnsiY3JlYXRlIjozMDAwMDAwMDAwMDAsImRlbGV0ZSI6MzAwMDAwMDAwMDAwLCJyZWFkIjozMDAwMDAwMDAwMDAsInVwZGF0ZSI6MzAwMDAwMDAwMDAwfSwic2NoZW1hX3ZlcnNpb24iOiIxIn0=",
          "dependencies": [
            "azuread_application.app",
            "azuread_service_principal.spn"
          ]
        }
      ]
    },
    {
      "mode": "managed",
      "type": "azurerm_application_gateway",
      "name": "appgw",
      "provider": "provider[\"registry.terraform.io/hashicorp/azurerm\"]",
      "instances": [
        {
          "schema_version": 0,
          "attributes": {
            "authentication_certificate": [],
            "autoscale_configuration": [],
            "backend_address_pool": [
              {
                "fqdns": [],
                "id": "/subscriptions/25a98a18-5e94-4b21-9d17-e8cf45bfd81f/resourceGroups/rg-aks-cluster/providers/Microsoft.Network/applicationGateways/appgw-aks/backendAddressPools/vnet-spoke-aks-beap",
                "ip_addresses": [],
                "name": "vnet-spoke-aks-beap"
              }
            ],
            "backend_http_settings": [
              {
                "affinity_cookie_name": "",
                "authentication_certificate": [],
                "connection_draining": [],
                "cookie_based_affinity": "Disabled",
                "host_name": "",
                "id": "/subscriptions/25a98a18-5e94-4b21-9d17-e8cf45bfd81f/resourceGroups/rg-aks-cluster/providers/Microsoft.Network/applicationGateways/appgw-aks/backendHttpSettingsCollection/vnet-spoke-aks-be-htst",
                "name": "vnet-spoke-aks-be-htst",
                "path": "",
                "pick_host_name_from_backend_address": false,
                "port": 80,
                "probe_id": "",
                "probe_name": "",
                "protocol": "Http",
                "request_timeout": 1,
                "trusted_root_certificate_names": []
              }
            ],
            "custom_error_configuration": [],
            "enable_http2": false,
            "fips_enabled": false,
            "firewall_policy_id": null,
            "force_firewall_policy_association": false,
            "frontend_ip_configuration": [
              {
                "id": "/subscriptions/25a98a18-5e94-4b21-9d17-e8cf45bfd81f/resourceGroups/rg-aks-cluster/providers/Microsoft.Network/applicationGateways/appgw-aks/frontendIPConfigurations/vnet-spoke-aks-feip",
                "name": "vnet-spoke-aks-feip",
                "private_ip_address": "",
                "private_ip_address_allocation": "Dynamic",
                "private_link_configuration_id": "",
                "private_link_configuration_name": "",
                "public_ip_address_id": "/subscriptions/25a98a18-5e94-4b21-9d17-e8cf45bfd81f/resourceGroups/rg-aks-cluster/providers/Microsoft.Network/publicIPAddresses/publicIp-appgw",
                "subnet_id": ""
              }
            ],
            "frontend_port": [
              {
                "id": "/subscriptions/25a98a18-5e94-4b21-9d17-e8cf45bfd81f/resourceGroups/rg-aks-cluster/providers/Microsoft.Network/applicationGateways/appgw-aks/frontendPorts/httpsPort",
                "name": "httpsPort",
                "port": 443
              },
              {
                "id": "/subscriptions/25a98a18-5e94-4b21-9d17-e8cf45bfd81f/resourceGroups/rg-aks-cluster/providers/Microsoft.Network/applicationGateways/appgw-aks/frontendPorts/vnet-spoke-aks-feport",
                "name": "vnet-spoke-aks-feport",
                "port": 80
              }
            ],
            "gateway_ip_configuration": [
              {
                "id": "/subscriptions/25a98a18-5e94-4b21-9d17-e8cf45bfd81f/resourceGroups/rg-aks-cluster/providers/Microsoft.Network/applicationGateways/appgw-aks/gatewayIPConfigurations/appGatewayIpConfig",
                "name": "appGatewayIpConfig",
                "subnet_id": "/subscriptions/25a98a18-5e94-4b21-9d17-e8cf45bfd81f/resourceGroups/rg-aks-cluster/providers/Microsoft.Network/virtualNetworks/vnet-spoke-aks/subnets/subnet-appgw"
              }
            ],
            "http_listener": [
              {
                "custom_error_configuration": [],
                "firewall_policy_id": "",
                "frontend_ip_configuration_id": "/subscriptions/25a98a18-5e94-4b21-9d17-e8cf45bfd81f/resourceGroups/rg-aks-cluster/providers/Microsoft.Network/applicationGateways/appgw-aks/frontendIPConfigurations/vnet-spoke-aks-feip",
                "frontend_ip_configuration_name": "vnet-spoke-aks-feip",
                "frontend_port_id": "/subscriptions/25a98a18-5e94-4b21-9d17-e8cf45bfd81f/resourceGroups/rg-aks-cluster/providers/Microsoft.Network/applicationGateways/appgw-aks/frontendPorts/vnet-spoke-aks-feport",
                "frontend_port_name": "vnet-spoke-aks-feport",
                "host_name": "",
                "host_names": [],
                "id": "/subscriptions/25a98a18-5e94-4b21-9d17-e8cf45bfd81f/resourceGroups/rg-aks-cluster/providers/Microsoft.Network/applicationGateways/appgw-aks/httpListeners/vnet-spoke-aks-httplstn",
                "name": "vnet-spoke-aks-httplstn",
                "protocol": "Http",
                "require_sni": false,
                "ssl_certificate_id": "",
                "ssl_certificate_name": "",
                "ssl_profile_id": "",
                "ssl_profile_name": ""
              }
            ],
            "id": "/subscriptions/25a98a18-5e94-4b21-9d17-e8cf45bfd81f/resourceGroups/rg-aks-cluster/providers/Microsoft.Network/applicationGateways/appgw-aks",
            "identity": [],
            "location": "westeurope",
            "name": "appgw-aks",
            "private_endpoint_connection": [],
            "private_link_configuration": [],
            "probe": [],
            "redirect_configuration": [],
            "request_routing_rule": [
              {
                "backend_address_pool_id": "/subscriptions/25a98a18-5e94-4b21-9d17-e8cf45bfd81f/resourceGroups/rg-aks-cluster/providers/Microsoft.Network/applicationGateways/appgw-aks/backendAddressPools/vnet-spoke-aks-beap",
                "backend_address_pool_name": "vnet-spoke-aks-beap",
                "backend_http_settings_id": "/subscriptions/25a98a18-5e94-4b21-9d17-e8cf45bfd81f/resourceGroups/rg-aks-cluster/providers/Microsoft.Network/applicationGateways/appgw-aks/backendHttpSettingsCollection/vnet-spoke-aks-be-htst",
                "backend_http_settings_name": "vnet-spoke-aks-be-htst",
                "http_listener_id": "/subscriptions/25a98a18-5e94-4b21-9d17-e8cf45bfd81f/resourceGroups/rg-aks-cluster/providers/Microsoft.Network/applicationGateways/appgw-aks/httpListeners/vnet-spoke-aks-httplstn",
                "http_listener_name": "vnet-spoke-aks-httplstn",
                "id": "/subscriptions/25a98a18-5e94-4b21-9d17-e8cf45bfd81f/resourceGroups/rg-aks-cluster/providers/Microsoft.Network/applicationGateways/appgw-aks/requestRoutingRules/vnet-spoke-aks-rqrt",
                "name": "vnet-spoke-aks-rqrt",
                "priority": 10000,
                "redirect_configuration_id": "",
                "redirect_configuration_name": "",
                "rewrite_rule_set_id": "",
                "rewrite_rule_set_name": "",
                "rule_type": "Basic",
                "url_path_map_id": "",
                "url_path_map_name": ""
              }
            ],
            "resource_group_name": "rg-aks-cluster",
            "rewrite_rule_set": [],
            "sku": [
              {
                "capacity": 2,
                "name": "Standard_v2",
                "tier": "Standard_v2"
              }
            ],
            "ssl_certificate": [],
            "ssl_policy": [
              {
                "cipher_suites": [],
                "disabled_protocols": [],
                "min_protocol_version": "",
                "policy_name": "AppGwSslPolicy20150501",
                "policy_type": "Predefined"
              }
            ],
            "ssl_profile": [],
            "tags": {
              "environment": "development",
              "source": "terraform"
            },
            "timeouts": null,
            "trusted_client_certificate": [],
            "trusted_root_certificate": [],
            "url_path_map": [],
            "waf_configuration": [],
            "zones": null
          },
          "sensitive_attributes": [],
          "private": "eyJlMmJmYjczMC1lY2FhLTExZTYtOGY4OC0zNDM2M2JjN2M0YzAiOnsiY3JlYXRlIjo1NDAwMDAwMDAwMDAwLCJkZWxldGUiOjU0MDAwMDAwMDAwMDAsInJlYWQiOjMwMDAwMDAwMDAwMCwidXBkYXRlIjo1NDAwMDAwMDAwMDAwfX0=",
          "dependencies": [
            "azurerm_public_ip.pip",
            "azurerm_resource_group.rg",
            "azurerm_subnet.subnetappgw",
            "azurerm_virtual_network.vnet"
          ],
          "create_before_destroy": true
        }
      ]
    },
    {
      "mode": "managed",
      "type": "azurerm_container_registry",
      "name": "acr",
      "provider": "provider[\"registry.terraform.io/hashicorp/azurerm\"]",
      "instances": [
        {
          "schema_version": 2,
          "attributes": {
            "admin_enabled": false,
            "admin_password": "",
            "admin_username": "",
            "anonymous_pull_enabled": false,
            "data_endpoint_enabled": false,
            "encryption": [
              {
                "enabled": false,
                "identity_client_id": "",
                "key_vault_key_id": ""
              }
            ],
            "export_policy_enabled": true,
            "georeplications": [],
            "id": "/subscriptions/25a98a18-5e94-4b21-9d17-e8cf45bfd81f/resourceGroups/rg-aks-cluster/providers/Microsoft.ContainerRegistry/registries/acrforakstf031",
            "identity": [],
            "location": "westeurope",
            "login_server": "acrforakstf031.azurecr.io",
            "name": "acrforakstf031",
            "network_rule_bypass_option": "AzureServices",
            "network_rule_set": [],
            "public_network_access_enabled": true,
            "quarantine_policy_enabled": false,
            "resource_group_name": "rg-aks-cluster",
            "retention_policy": [
              {
                "days": 7,
                "enabled": false
              }
            ],
            "sku": "Standard",
            "tags": {
              "environment": "development",
              "source": "terraform"
            },
            "timeouts": null,
            "trust_policy": [
              {
                "enabled": false
              }
            ],
            "zone_redundancy_enabled": false
          },
          "sensitive_attributes": [],
          "private": "eyJlMmJmYjczMC1lY2FhLTExZTYtOGY4OC0zNDM2M2JjN2M0YzAiOnsiY3JlYXRlIjoxODAwMDAwMDAwMDAwLCJkZWxldGUiOjE4MDAwMDAwMDAwMDAsInJlYWQiOjMwMDAwMDAwMDAwMCwidXBkYXRlIjoxODAwMDAwMDAwMDAwfSwic2NoZW1hX3ZlcnNpb24iOiIyIn0=",
          "dependencies": [
            "azurerm_resource_group.rg"
          ]
        }
      ]
    },
    {
      "mode": "managed",
      "type": "azurerm_key_vault",
      "name": "kv",
      "provider": "provider[\"registry.terraform.io/hashicorp/azurerm\"]",
      "instances": [
        {
          "schema_version": 2,
          "attributes": {
            "access_policy": [],
            "contact": [],
            "enable_rbac_authorization": true,
            "enabled_for_deployment": false,
            "enabled_for_disk_encryption": false,
            "enabled_for_template_deployment": false,
            "id": "/subscriptions/25a98a18-5e94-4b21-9d17-e8cf45bfd81f/resourceGroups/rg-aks-cluster/providers/Microsoft.KeyVault/vaults/kvforaks083",
            "location": "westeurope",
            "name": "kvforaks083",
            "network_acls": [
              {
                "bypass": "AzureServices",
                "default_action": "Allow",
                "ip_rules": [],
                "virtual_network_subnet_ids": []
              }
            ],
            "purge_protection_enabled": false,
            "resource_group_name": "rg-aks-cluster",
            "sku_name": "standard",
            "soft_delete_retention_days": 7,
            "tags": {
              "environment": "development",
              "source": "terraform"
            },
            "tenant_id": "558506eb-9459-4ef3-b920-ad55c555e729",
            "timeouts": null,
            "vault_uri": "https://kvforaks083.vault.azure.net/"
          },
          "sensitive_attributes": [],
          "private": "eyJlMmJmYjczMC1lY2FhLTExZTYtOGY4OC0zNDM2M2JjN2M0YzAiOnsiY3JlYXRlIjoxODAwMDAwMDAwMDAwLCJkZWxldGUiOjE4MDAwMDAwMDAwMDAsInJlYWQiOjMwMDAwMDAwMDAwMCwidXBkYXRlIjoxODAwMDAwMDAwMDAwfSwic2NoZW1hX3ZlcnNpb24iOiIyIn0=",
          "dependencies": [
            "azurerm_resource_group.rg",
            "data.azurerm_client_config.current"
          ]
        }
      ]
    },
    {
      "mode": "managed",
      "type": "azurerm_key_vault_secret",
      "name": "secret",
      "provider": "provider[\"registry.terraform.io/hashicorp/azurerm\"]",
      "instances": [
        {
          "schema_version": 0,
          "attributes": {
            "content_type": "",
            "expiration_date": null,
            "id": "https://kvforaks083.vault.azure.net/secrets/database-password/dcc37ad093694744911527c09343572e",
            "key_vault_id": "/subscriptions/25a98a18-5e94-4b21-9d17-e8cf45bfd81f/resourceGroups/rg-aks-cluster/providers/Microsoft.KeyVault/vaults/kvforaks083",
            "name": "database-password",
            "not_before_date": null,
            "tags": {
              "environment": "development",
              "source": "terraform"
            },
            "timeouts": null,
            "value": "@Aa123456789",
            "version": "dcc37ad093694744911527c09343572e",
            "versionless_id": "https://kvforaks083.vault.azure.net/secrets/database-password"
          },
          "sensitive_attributes": [],
          "private": "eyJlMmJmYjczMC1lY2FhLTExZTYtOGY4OC0zNDM2M2JjN2M0YzAiOnsiY3JlYXRlIjoxODAwMDAwMDAwMDAwLCJkZWxldGUiOjE4MDAwMDAwMDAwMDAsInJlYWQiOjMwMDAwMDAwMDAwMCwidXBkYXRlIjoxODAwMDAwMDAwMDAwfX0=",
          "dependencies": [
            "azurerm_key_vault.kv",
            "azurerm_resource_group.rg",
            "azurerm_role_assignment.role-secret-officer",
            "data.azurerm_client_config.current"
          ]
        }
      ]
    },
    {
      "mode": "managed",
      "type": "azurerm_kubernetes_cluster",
      "name": "aks",
      "provider": "provider[\"registry.terraform.io/hashicorp/azurerm\"]",
      "instances": [
        {
          "schema_version": 2,
          "attributes": {
            "aci_connector_linux": [],
            "api_server_authorized_ip_ranges": [
              "0.0.0.0/0"
            ],
            "auto_scaler_profile": [],
            "automatic_channel_upgrade": "",
            "azure_active_directory_role_based_access_control": [
              {
                "admin_group_object_ids": [
                  "45ac937e-0642-40e5-9af9-745bd5cd05ac"
                ],
                "azure_rbac_enabled": true,
                "client_app_id": "",
                "managed": true,
                "server_app_id": "",
                "server_app_secret": "",
                "tenant_id": "558506eb-9459-4ef3-b920-ad55c555e729"
              }
            ],
            "azure_policy_enabled": true,
            "default_node_pool": [
              {
                "enable_auto_scaling": false,
                "enable_host_encryption": false,
                "enable_node_public_ip": false,
                "fips_enabled": false,
                "kubelet_config": [],
                "kubelet_disk_type": "OS",
                "linux_os_config": [],
                "max_count": 0,
                "max_pods": 250,
                "min_count": 0,
                "name": "systempool",
                "node_count": 1,
                "node_labels": {},
                "node_public_ip_prefix_id": "",
                "node_taints": null,
                "only_critical_addons_enabled": true,
                "orchestrator_version": "1.23.5",
                "os_disk_size_gb": 40,
                "os_disk_type": "Managed",
                "os_sku": "Ubuntu",
                "pod_subnet_id": "/subscriptions/25a98a18-5e94-4b21-9d17-e8cf45bfd81f/resourceGroups/rg-aks-cluster/providers/Microsoft.Network/virtualNetworks/vnet-spoke-aks/subnets/subnet-aks-pods",
                "proximity_placement_group_id": "",
                "tags": {
                  "environment": "development",
                  "source": "terraform"
                },
                "type": "VirtualMachineScaleSets",
                "ultra_ssd_enabled": false,
                "upgrade_settings": [],
                "vm_size": "Standard_D2ds_v5",
                "vnet_subnet_id": "/subscriptions/25a98a18-5e94-4b21-9d17-e8cf45bfd81f/resourceGroups/rg-aks-cluster/providers/Microsoft.Network/virtualNetworks/vnet-spoke-aks/subnets/subnet-aks-nodes",
                "zones": [
                  "1",
                  "2",
                  "3"
                ]
              }
            ],
            "disk_encryption_set_id": "",
            "dns_prefix": "aks",
            "dns_prefix_private_cluster": "",
            "enable_pod_security_policy": false,
            "fqdn": "aks-1672e1fb.hcp.westeurope.azmk8s.io",
            "http_application_routing_enabled": false,
            "http_application_routing_zone_name": "",
            "http_proxy_config": [],
            "id": "/subscriptions/25a98a18-5e94-4b21-9d17-e8cf45bfd81f/resourceGroups/rg-aks-cluster/providers/Microsoft.ContainerService/managedClusters/aks-cluster",
            "identity": [
              {
                "identity_ids": [
                  "/subscriptions/25a98a18-5e94-4b21-9d17-e8cf45bfd81f/resourceGroups/rg-aks-cluster/providers/Microsoft.ManagedIdentity/userAssignedIdentities/identity-aks"
                ],
                "principal_id": "",
                "tenant_id": "",
                "type": "UserAssigned"
              }
            ],
            "ingress_application_gateway": [
              {
                "effective_gateway_id": "/subscriptions/25a98a18-5e94-4b21-9d17-e8cf45bfd81f/resourceGroups/rg-aks-cluster/providers/Microsoft.Network/applicationGateways/appgw-aks",
                "gateway_id": "/subscriptions/25a98a18-5e94-4b21-9d17-e8cf45bfd81f/resourceGroups/rg-aks-cluster/providers/Microsoft.Network/applicationGateways/appgw-aks",
                "gateway_name": "",
                "ingress_application_gateway_identity": [
                  {
                    "client_id": "6caab51d-0b09-457d-8808-01a3bd5e0c02",
                    "object_id": "0593a03c-3ef9-4188-a909-3afd8e869442",
                    "user_assigned_identity_id": "/subscriptions/25a98a18-5e94-4b21-9d17-e8cf45bfd81f/resourcegroups/rg-aks-cluster-managed/providers/Microsoft.ManagedIdentity/userAssignedIdentities/ingressapplicationgateway-aks-cluster"
                  }
                ],
                "subnet_cidr": "",
                "subnet_id": ""
              }
            ],
            "key_vault_secrets_provider": [
              {
                "secret_identity": [
                  {
                    "client_id": "e22888e2-0578-4711-9af7-9e5b7c43a79f",
                    "object_id": "7b25760a-e679-413f-a536-a35fb1c9651c",
                    "user_assigned_identity_id": "/subscriptions/25a98a18-5e94-4b21-9d17-e8cf45bfd81f/resourcegroups/rg-aks-cluster-managed/providers/Microsoft.ManagedIdentity/userAssignedIdentities/azurekeyvaultsecretsprovider-aks-cluster"
                  }
                ],
                "secret_rotation_enabled": true,
                "secret_rotation_interval": "2m"
              }
            ],
            "kube_admin_config": [],
            "kube_admin_config_raw": "",
            "kube_config": [
              {
                "client_certificate": "",
                "client_key": "",
                "cluster_ca_certificate": "LS0tLS1CRUdJTiBDRVJUSUZJQ0FURS0tLS0tCk1JSUU2RENDQXRDZ0F3SUJBZ0lRVkpPMnV4NHhJVVN0eVdvbzBHVVhTakFOQmdrcWhraUc5dzBCQVFzRkFEQU4KTVFzd0NRWURWUVFERXdKallUQWdGdzB5TWpBMk1UTXhOelUyTVRSYUdBOHlNRFV5TURZeE16RTRNRFl4TkZvdwpEVEVMTUFrR0ExVUVBeE1DWTJFd2dnSWlNQTBHQ1NxR1NJYjNEUUVCQVFVQUE0SUNEd0F3Z2dJS0FvSUNBUURsClNrYStPYzErZ3NTMWlLU1FsMWw0VlZOT2ZpMW55RCszNitWZnpMQzBIajF5Q0xBV3NNUGlyc2NRTlNYTUtjZVUKWWlOZFhkTDQ3N3AzSXI4eTN1dVBIZytxZ2lrRExVTUFnUFJtUEg5QWQ2M3EwOGhaQ2R3TjRzemVJK3ZhMnRIQgpLZW8raFFQR0hZSWxnMXFrRitPMzJ1Q1RIWEtBYnlvK3A2L2R6NE16aDVPTjVsU3ZHekFJUjNYeThNL3IzUGFUCktwNDJnTEgyNUhtNGlSS21MZFlyTHRwM1NxQjlGcmFRTFA5c0h6OXlUVlVQSGY2OUlRck10Z3BRYkoxVE1lTysKZk1DOU5wT0U3V09rY1RKWGlmcXhpZnJUZ2JqVTRRdEpIRy92VlF0ODRVL2ViYUpDSUtiQjRzdWYzTXBiMkZLSQpkZ0JMN1pua08xZlRTakFCWWtxdGhzOEVTYk5vQ3luNFB0eCtOUTBCR2tUbnNya3lKMjdvOVRyQmk1eEhHcTdHCk5UWFZZWHNZcWJmak5UdmZKWVFxb0tFMWJBdWU0a2pnRGdHOFhHWWdMNm85WmpFNzE5MnVnVDJ4bWVWSHBFMXEKdlFEeWxOY3hOQkFHTGQxV1pybEhWeGtrbGVoeEVGZEMwdlVMTXVYUnJLUU9zTCtXdWpTTjdoWjVrS1gvbG9BbApuR09vRVdCMlRjWUk3QWJBL0xnbDlhS29icFdtSDFFeGR1aFZ0dFA0aUh4R1l2UEpCZ1NWOCtucERUZ2h2azJPCjV2bUx1TlViZThGU3VoUFVNQlFMbWliQ2U1djNPbU5WSEptUHJvUmxOdjRISjNwdkxrOEJ5MlMranZybnB6K1IKWlNGWC95Uko1OWdzNjlXRmp1MEdhalMrcXlsWFIyblFrUGkyK3NXS3NRSURBUUFCbzBJd1FEQU9CZ05WSFE4QgpBZjhFQkFNQ0FxUXdEd1lEVlIwVEFRSC9CQVV3QXdFQi96QWRCZ05WSFE0RUZnUVUzeW9ORENReVhtdUpxc3RuCmpuNXQ3Vmpoc2RJd0RRWUpLb1pJaHZjTkFRRUxCUUFEZ2dJQkFBRDVxNFlHNUtoUDlaWEhqZ2VuNi8yY1hpVUcKcWZOM0Z0ZlMvNWhxTE9ucUJsZmQxZElRSS9RSVlTRHdlZ0llbTdxYXMvdzNzT1gzeEROL1NmbzhFcnRrQU94RQpZR3hjSzgwWnRuVXY0aVdhT0o5K0ZuRDBpVk9LdG9NNUhYcmRnUDlmb0VsV3JvclFOY3FQbGEvaXoyNjRNRmJwClJydHJ4R29hbkR1SlJHazQ4SzJwQlJBQm1kbERGUXJMZ1g0eWxDVS9JME1zRVBBdVdLdkxwM3U4c0doV3grS1UKWUpEVWhmcUJZaVg2c0tKUy81WnZxZTMwL25UMjl1ZThFbDFyOVpDSTV6bzNhUUFMemxpMnZ4UG1iOEpCM1ovWgpicW1DSnRoaFppRHJRZTIzc1c1NW9aK005Zitiamk5a2V2OUdEb1RQMExGbDUxeTRkamZsejNIcDdibytMRkMxCkdEVXk5a3N2dFFLTDhyRDFlaWM0L0FMbmlxM3RKRTMxdjFZdlM1VUNObVRUM2ZLU2VmdFZ0WGozSEE3S1V2WjYKVXVKVkU3ZG9sdEpnejNUL0ZPclZvYS9XbzViUHhMdkZrNjZvaXpPaXdmUkF2Sm5DSUNBTWZ4TWkzV2luckd5UQptdFhnZnFsTUUrRytpbCtlMmVtVkY2Vk1LcTNmZG9Qbms5ZHNodE1udzAycWNTVUcrVmtZQWloNTdDL0RCQ2pmCmhRSlU0aHBvYVBiM05xVkhEZG9jWUlvS2VOUytpVGtidGdQQmlCeThZYllRQ2dEaDFmRXVZeGpjbGFFcVRtc0kKaysxTEMvSHdodjZ2eVZlS0NyeE9yM2FibnNXUHRWWVB6VXUzTUJ5Ym4vZGkvTzlISDh3UUU5bTZPbzJydTZxRwpETm5QZ3JqbUJpeUs4dlpnCi0tLS0tRU5EIENFUlRJRklDQVRFLS0tLS0K",
                "host": "https://aks-1672e1fb.hcp.westeurope.azmk8s.io:443",
                "password": "",
                "username": "clusterUser_rg-aks-cluster_aks-cluster"
              }
            ],
            "kube_config_raw": "apiVersion: v1\nclusters:\n- cluster:\n    certificate-authority-data: LS0tLS1CRUdJTiBDRVJUSUZJQ0FURS0tLS0tCk1JSUU2RENDQXRDZ0F3SUJBZ0lRVkpPMnV4NHhJVVN0eVdvbzBHVVhTakFOQmdrcWhraUc5dzBCQVFzRkFEQU4KTVFzd0NRWURWUVFERXdKallUQWdGdzB5TWpBMk1UTXhOelUyTVRSYUdBOHlNRFV5TURZeE16RTRNRFl4TkZvdwpEVEVMTUFrR0ExVUVBeE1DWTJFd2dnSWlNQTBHQ1NxR1NJYjNEUUVCQVFVQUE0SUNEd0F3Z2dJS0FvSUNBUURsClNrYStPYzErZ3NTMWlLU1FsMWw0VlZOT2ZpMW55RCszNitWZnpMQzBIajF5Q0xBV3NNUGlyc2NRTlNYTUtjZVUKWWlOZFhkTDQ3N3AzSXI4eTN1dVBIZytxZ2lrRExVTUFnUFJtUEg5QWQ2M3EwOGhaQ2R3TjRzemVJK3ZhMnRIQgpLZW8raFFQR0hZSWxnMXFrRitPMzJ1Q1RIWEtBYnlvK3A2L2R6NE16aDVPTjVsU3ZHekFJUjNYeThNL3IzUGFUCktwNDJnTEgyNUhtNGlSS21MZFlyTHRwM1NxQjlGcmFRTFA5c0h6OXlUVlVQSGY2OUlRck10Z3BRYkoxVE1lTysKZk1DOU5wT0U3V09rY1RKWGlmcXhpZnJUZ2JqVTRRdEpIRy92VlF0ODRVL2ViYUpDSUtiQjRzdWYzTXBiMkZLSQpkZ0JMN1pua08xZlRTakFCWWtxdGhzOEVTYk5vQ3luNFB0eCtOUTBCR2tUbnNya3lKMjdvOVRyQmk1eEhHcTdHCk5UWFZZWHNZcWJmak5UdmZKWVFxb0tFMWJBdWU0a2pnRGdHOFhHWWdMNm85WmpFNzE5MnVnVDJ4bWVWSHBFMXEKdlFEeWxOY3hOQkFHTGQxV1pybEhWeGtrbGVoeEVGZEMwdlVMTXVYUnJLUU9zTCtXdWpTTjdoWjVrS1gvbG9BbApuR09vRVdCMlRjWUk3QWJBL0xnbDlhS29icFdtSDFFeGR1aFZ0dFA0aUh4R1l2UEpCZ1NWOCtucERUZ2h2azJPCjV2bUx1TlViZThGU3VoUFVNQlFMbWliQ2U1djNPbU5WSEptUHJvUmxOdjRISjNwdkxrOEJ5MlMranZybnB6K1IKWlNGWC95Uko1OWdzNjlXRmp1MEdhalMrcXlsWFIyblFrUGkyK3NXS3NRSURBUUFCbzBJd1FEQU9CZ05WSFE4QgpBZjhFQkFNQ0FxUXdEd1lEVlIwVEFRSC9CQVV3QXdFQi96QWRCZ05WSFE0RUZnUVUzeW9ORENReVhtdUpxc3RuCmpuNXQ3Vmpoc2RJd0RRWUpLb1pJaHZjTkFRRUxCUUFEZ2dJQkFBRDVxNFlHNUtoUDlaWEhqZ2VuNi8yY1hpVUcKcWZOM0Z0ZlMvNWhxTE9ucUJsZmQxZElRSS9RSVlTRHdlZ0llbTdxYXMvdzNzT1gzeEROL1NmbzhFcnRrQU94RQpZR3hjSzgwWnRuVXY0aVdhT0o5K0ZuRDBpVk9LdG9NNUhYcmRnUDlmb0VsV3JvclFOY3FQbGEvaXoyNjRNRmJwClJydHJ4R29hbkR1SlJHazQ4SzJwQlJBQm1kbERGUXJMZ1g0eWxDVS9JME1zRVBBdVdLdkxwM3U4c0doV3grS1UKWUpEVWhmcUJZaVg2c0tKUy81WnZxZTMwL25UMjl1ZThFbDFyOVpDSTV6bzNhUUFMemxpMnZ4UG1iOEpCM1ovWgpicW1DSnRoaFppRHJRZTIzc1c1NW9aK005Zitiamk5a2V2OUdEb1RQMExGbDUxeTRkamZsejNIcDdibytMRkMxCkdEVXk5a3N2dFFLTDhyRDFlaWM0L0FMbmlxM3RKRTMxdjFZdlM1VUNObVRUM2ZLU2VmdFZ0WGozSEE3S1V2WjYKVXVKVkU3ZG9sdEpnejNUL0ZPclZvYS9XbzViUHhMdkZrNjZvaXpPaXdmUkF2Sm5DSUNBTWZ4TWkzV2luckd5UQptdFhnZnFsTUUrRytpbCtlMmVtVkY2Vk1LcTNmZG9Qbms5ZHNodE1udzAycWNTVUcrVmtZQWloNTdDL0RCQ2pmCmhRSlU0aHBvYVBiM05xVkhEZG9jWUlvS2VOUytpVGtidGdQQmlCeThZYllRQ2dEaDFmRXVZeGpjbGFFcVRtc0kKaysxTEMvSHdodjZ2eVZlS0NyeE9yM2FibnNXUHRWWVB6VXUzTUJ5Ym4vZGkvTzlISDh3UUU5bTZPbzJydTZxRwpETm5QZ3JqbUJpeUs4dlpnCi0tLS0tRU5EIENFUlRJRklDQVRFLS0tLS0K\n    server: https://aks-1672e1fb.hcp.westeurope.azmk8s.io:443\n  name: aks-cluster\ncontexts:\n- context:\n    cluster: aks-cluster\n    user: clusterUser_rg-aks-cluster_aks-cluster\n  name: aks-cluster\ncurrent-context: aks-cluster\nkind: Config\npreferences: {}\nusers:\n- name: clusterUser_rg-aks-cluster_aks-cluster\n  user:\n    auth-provider:\n      config:\n        apiserver-id: 6dae42f8-4368-4678-94ff-3960e28e3630\n        client-id: 80faf920-1908-4b52-b5ef-a8e7bedfc67a\n        config-mode: \"1\"\n        environment: AzurePublicCloud\n        tenant-id: 558506eb-9459-4ef3-b920-ad55c555e729\n      name: azure\n",
            "kubelet_identity": [
              {
                "client_id": "484c3b8b-e650-4182-a994-1c2e447a38fe",
                "object_id": "c93c640b-8ebe-4886-b21c-ce92e86d1675",
                "user_assigned_identity_id": "/subscriptions/25a98a18-5e94-4b21-9d17-e8cf45bfd81f/resourceGroups/rg-aks-cluster/providers/Microsoft.ManagedIdentity/userAssignedIdentities/aks-cluster-agentpool"
              }
            ],
            "kubernetes_version": "1.23.5",
            "linux_profile": [],
            "local_account_disabled": true,
            "location": "westeurope",
            "maintenance_window": [
              {
                "allowed": [
                  {
                    "day": "Saturday",
                    "hours": [
                      2,
                      8
                    ]
                  }
                ],
                "not_allowed": []
              }
            ],
            "microsoft_defender": [],
            "name": "aks-cluster",
            "network_profile": [
              {
                "dns_service_ip": "10.0.0.10",
                "docker_bridge_cidr": "172.17.0.1/16",
                "ip_versions": [
                  "IPv4"
                ],
                "load_balancer_profile": [
                  {
                    "effective_outbound_ips": [
                      "/subscriptions/25a98a18-5e94-4b21-9d17-e8cf45bfd81f/resourceGroups/rg-aks-cluster-managed/providers/Microsoft.Network/publicIPAddresses/f827e508-a420-466a-93ce-40d22e58e84f"
                    ],
                    "idle_timeout_in_minutes": 0,
                    "managed_outbound_ip_count": 1,
                    "outbound_ip_address_ids": [],
                    "outbound_ip_prefix_ids": [],
                    "outbound_ports_allocated": 0
                  }
                ],
                "load_balancer_sku": "standard",
                "nat_gateway_profile": [],
                "network_mode": "",
                "network_plugin": "azure",
                "network_policy": "calico",
                "outbound_type": "loadBalancer",
                "pod_cidr": "",
                "service_cidr": "10.0.0.0/16"
              }
            ],
            "node_resource_group": "rg-aks-cluster-managed",
            "oidc_issuer_enabled": true,
            "oidc_issuer_url": "https://oidc.prod-aks.azure.com/bc99633a-8afc-4f96-a720-15396686dd66/",
            "oms_agent": [],
            "open_service_mesh_enabled": true,
            "portal_fqdn": "aks-1672e1fb.portal.hcp.westeurope.azmk8s.io",
            "private_cluster_enabled": false,
            "private_cluster_public_fqdn_enabled": false,
            "private_dns_zone_id": "",
            "private_fqdn": "",
            "public_network_access_enabled": true,
            "resource_group_name": "rg-aks-cluster",
            "role_based_access_control_enabled": true,
            "run_command_enabled": true,
            "service_principal": [],
            "sku_tier": "Free",
            "tags": {
              "environment": "development",
              "source": "terraform"
            },
            "timeouts": null,
            "windows_profile": [
              {
                "admin_password": "",
                "admin_username": "azureuser",
                "license": ""
              }
            ]
          },
          "sensitive_attributes": [],
          "private": "eyJlMmJmYjczMC1lY2FhLTExZTYtOGY4OC0zNDM2M2JjN2M0YzAiOnsiY3JlYXRlIjo1NDAwMDAwMDAwMDAwLCJkZWxldGUiOjU0MDAwMDAwMDAwMDAsInJlYWQiOjMwMDAwMDAwMDAwMCwidXBkYXRlIjo1NDAwMDAwMDAwMDAwfSwic2NoZW1hX3ZlcnNpb24iOiIyIn0=",
          "dependencies": [
            "azuread_application.app",
            "azuread_group.aks_admins",
            "azuread_service_principal.spn",
            "azurerm_application_gateway.appgw",
            "azurerm_public_ip.pip",
            "azurerm_resource_group.rg",
            "azurerm_subnet.subnetappgw",
            "azurerm_subnet.subnetnodes",
            "azurerm_subnet.subnetpods",
            "azurerm_user_assigned_identity.identity-aks",
            "azurerm_user_assigned_identity.identity-kubelet",
            "azurerm_virtual_network.vnet",
            "data.azuread_client_config.current",
            "data.azurerm_subscription.current"
          ],
          "create_before_destroy": true
        }
      ]
    },
    {
      "mode": "managed",
      "type": "azurerm_kubernetes_cluster_node_pool",
      "name": "appspool",
      "provider": "provider[\"registry.terraform.io/hashicorp/azurerm\"]",
      "instances": [
        {
          "schema_version": 1,
          "attributes": {
            "enable_auto_scaling": true,
            "enable_host_encryption": false,
            "enable_node_public_ip": false,
            "eviction_policy": "",
            "fips_enabled": false,
            "id": "/subscriptions/25a98a18-5e94-4b21-9d17-e8cf45bfd81f/resourceGroups/rg-aks-cluster/providers/Microsoft.ContainerService/managedClusters/aks-cluster/agentPools/appspool",
            "kubelet_config": [],
            "kubelet_disk_type": "OS",
            "kubernetes_cluster_id": "/subscriptions/25a98a18-5e94-4b21-9d17-e8cf45bfd81f/resourceGroups/rg-aks-cluster/providers/Microsoft.ContainerService/managedClusters/aks-cluster",
            "linux_os_config": [],
            "max_count": 2,
            "max_pods": 110,
            "min_count": 1,
            "mode": "User",
            "name": "appspool",
            "node_count": 1,
            "node_labels": {},
            "node_public_ip_prefix_id": "",
            "node_taints": null,
            "orchestrator_version": "1.23.5",
            "os_disk_size_gb": 60,
            "os_disk_type": "Ephemeral",
            "os_sku": "Ubuntu",
            "os_type": "Linux",
            "pod_subnet_id": "/subscriptions/25a98a18-5e94-4b21-9d17-e8cf45bfd81f/resourceGroups/rg-aks-cluster/providers/Microsoft.Network/virtualNetworks/vnet-spoke-aks/subnets/subnet-aks-pods",
            "priority": "Regular",
            "proximity_placement_group_id": "",
            "scale_down_mode": "Delete",
            "spot_max_price": -1,
            "tags": {
              "environment": "development",
              "source": "terraform"
            },
            "timeouts": null,
            "ultra_ssd_enabled": false,
            "upgrade_settings": [
              {
                "max_surge": "1"
              }
            ],
            "vm_size": "Standard_D2ds_v5",
            "vnet_subnet_id": "/subscriptions/25a98a18-5e94-4b21-9d17-e8cf45bfd81f/resourceGroups/rg-aks-cluster/providers/Microsoft.Network/virtualNetworks/vnet-spoke-aks/subnets/subnet-aks-nodes",
            "workload_runtime": "",
            "zones": [
              "1",
              "2",
              "3"
            ]
          },
          "sensitive_attributes": [],
          "private": "eyJlMmJmYjczMC1lY2FhLTExZTYtOGY4OC0zNDM2M2JjN2M0YzAiOnsiY3JlYXRlIjozNjAwMDAwMDAwMDAwLCJkZWxldGUiOjM2MDAwMDAwMDAwMDAsInJlYWQiOjMwMDAwMDAwMDAwMCwidXBkYXRlIjozNjAwMDAwMDAwMDAwfSwic2NoZW1hX3ZlcnNpb24iOiIxIn0=",
          "dependencies": [
            "azuread_application.app",
            "azuread_group.aks_admins",
            "azuread_service_principal.spn",
            "azurerm_application_gateway.appgw",
            "azurerm_kubernetes_cluster.aks",
            "azurerm_public_ip.pip",
            "azurerm_resource_group.rg",
            "azurerm_subnet.subnetappgw",
            "azurerm_subnet.subnetnodes",
            "azurerm_subnet.subnetpods",
            "azurerm_user_assigned_identity.identity-aks",
            "azurerm_user_assigned_identity.identity-kubelet",
            "azurerm_virtual_network.vnet",
            "data.azuread_client_config.current",
            "data.azurerm_subscription.current"
          ]
        }
      ]
    },
    {
      "mode": "managed",
      "type": "azurerm_public_ip",
      "name": "pip",
      "provider": "provider[\"registry.terraform.io/hashicorp/azurerm\"]",
      "instances": [
        {
          "schema_version": 0,
          "attributes": {
            "allocation_method": "Static",
            "domain_name_label": null,
            "edge_zone": "",
            "fqdn": null,
            "id": "/subscriptions/25a98a18-5e94-4b21-9d17-e8cf45bfd81f/resourceGroups/rg-aks-cluster/providers/Microsoft.Network/publicIPAddresses/publicIp-appgw",
            "idle_timeout_in_minutes": 4,
            "ip_address": "51.124.241.107",
            "ip_tags": null,
            "ip_version": "IPv4",
            "location": "westeurope",
            "name": "publicIp-appgw",
            "public_ip_prefix_id": null,
            "resource_group_name": "rg-aks-cluster",
            "reverse_fqdn": null,
            "sku": "Standard",
            "sku_tier": "Regional",
            "tags": {
              "environment": "development",
              "source": "terraform"
            },
            "timeouts": null,
            "zones": null
          },
          "sensitive_attributes": [],
          "private": "eyJlMmJmYjczMC1lY2FhLTExZTYtOGY4OC0zNDM2M2JjN2M0YzAiOnsiY3JlYXRlIjoxODAwMDAwMDAwMDAwLCJkZWxldGUiOjE4MDAwMDAwMDAwMDAsInJlYWQiOjMwMDAwMDAwMDAwMCwidXBkYXRlIjoxODAwMDAwMDAwMDAwfX0=",
          "dependencies": [
            "azurerm_resource_group.rg"
          ],
          "create_before_destroy": true
        }
      ]
    },
    {
      "mode": "managed",
      "type": "azurerm_resource_group",
      "name": "aks_backups",
      "provider": "provider[\"registry.terraform.io/hashicorp/azurerm\"]",
      "instances": [
        {
          "schema_version": 0,
          "attributes": {
            "id": "/subscriptions/25a98a18-5e94-4b21-9d17-e8cf45bfd81f/resourceGroups/rg-aks-cluster-backups",
            "location": "northeurope",
            "name": "rg-aks-cluster-backups",
            "tags": {
              "environment": "development",
              "source": "terraform"
            },
            "timeouts": null
          },
          "sensitive_attributes": [],
          "private": "eyJlMmJmYjczMC1lY2FhLTExZTYtOGY4OC0zNDM2M2JjN2M0YzAiOnsiY3JlYXRlIjo1NDAwMDAwMDAwMDAwLCJkZWxldGUiOjU0MDAwMDAwMDAwMDAsInJlYWQiOjMwMDAwMDAwMDAwMCwidXBkYXRlIjo1NDAwMDAwMDAwMDAwfX0="
        }
      ]
    },
    {
      "mode": "managed",
      "type": "azurerm_resource_group",
      "name": "rg",
      "provider": "provider[\"registry.terraform.io/hashicorp/azurerm\"]",
      "instances": [
        {
          "schema_version": 0,
          "attributes": {
            "id": "/subscriptions/25a98a18-5e94-4b21-9d17-e8cf45bfd81f/resourceGroups/rg-aks-cluster",
            "location": "westeurope",
            "name": "rg-aks-cluster",
            "tags": null,
            "timeouts": null
          },
          "sensitive_attributes": [],
          "private": "eyJlMmJmYjczMC1lY2FhLTExZTYtOGY4OC0zNDM2M2JjN2M0YzAiOnsiY3JlYXRlIjo1NDAwMDAwMDAwMDAwLCJkZWxldGUiOjU0MDAwMDAwMDAwMDAsInJlYWQiOjMwMDAwMDAwMDAwMCwidXBkYXRlIjo1NDAwMDAwMDAwMDAwfX0=",
          "create_before_destroy": true
        }
      ]
    },
    {
      "mode": "managed",
      "type": "azurerm_role_assignment",
      "name": "aks_mi_contributor_aks_rg",
      "provider": "provider[\"registry.terraform.io/hashicorp/azurerm\"]",
      "instances": [
        {
          "schema_version": 0,
          "attributes": {
            "condition": "",
            "condition_version": "",
            "delegated_managed_identity_resource_id": "",
            "description": "",
            "id": "/subscriptions/25a98a18-5e94-4b21-9d17-e8cf45bfd81f/resourceGroups/rg-aks-cluster/providers/Microsoft.Authorization/roleAssignments/92b4a176-a657-1c49-0065-b597b73eab50",
            "name": "92b4a176-a657-1c49-0065-b597b73eab50",
            "principal_id": "4bb07329-3bce-432e-8853-4d98a7c0a02f",
            "principal_type": "ServicePrincipal",
            "role_definition_id": "/subscriptions/25a98a18-5e94-4b21-9d17-e8cf45bfd81f/providers/Microsoft.Authorization/roleDefinitions/b24988ac-6180-42a0-ab88-20f7382dd24c",
            "role_definition_name": "Contributor",
            "scope": "/subscriptions/25a98a18-5e94-4b21-9d17-e8cf45bfd81f/resourceGroups/rg-aks-cluster",
            "skip_service_principal_aad_check": true,
            "timeouts": null
          },
          "sensitive_attributes": [],
          "private": "eyJlMmJmYjczMC1lY2FhLTExZTYtOGY4OC0zNDM2M2JjN2M0YzAiOnsiY3JlYXRlIjoxODAwMDAwMDAwMDAwLCJkZWxldGUiOjE4MDAwMDAwMDAwMDAsInJlYWQiOjMwMDAwMDAwMDAwMCwidXBkYXRlIjoxODAwMDAwMDAwMDAwfX0=",
          "dependencies": [
            "azurerm_resource_group.rg",
            "azurerm_user_assigned_identity.identity-aks"
          ]
        }
      ]
    },
    {
      "mode": "managed",
      "type": "azurerm_role_assignment",
      "name": "aks_mi_network_contributor",
      "provider": "provider[\"registry.terraform.io/hashicorp/azurerm\"]",
      "instances": [
        {
          "schema_version": 0,
          "attributes": {
            "condition": "",
            "condition_version": "",
            "delegated_managed_identity_resource_id": "",
            "description": "",
            "id": "/subscriptions/25a98a18-5e94-4b21-9d17-e8cf45bfd81f/resourceGroups/rg-aks-cluster/providers/Microsoft.Network/virtualNetworks/vnet-spoke-aks/providers/Microsoft.Authorization/roleAssignments/af306b60-7137-f9c1-2d7f-ee2b44e6ca86",
            "name": "af306b60-7137-f9c1-2d7f-ee2b44e6ca86",
            "principal_id": "4bb07329-3bce-432e-8853-4d98a7c0a02f",
            "principal_type": "ServicePrincipal",
            "role_definition_id": "/subscriptions/25a98a18-5e94-4b21-9d17-e8cf45bfd81f/providers/Microsoft.Authorization/roleDefinitions/4d97b98b-1d4f-4787-a291-c67834d212e7",
            "role_definition_name": "Network Contributor",
            "scope": "/subscriptions/25a98a18-5e94-4b21-9d17-e8cf45bfd81f/resourceGroups/rg-aks-cluster/providers/Microsoft.Network/virtualNetworks/vnet-spoke-aks",
            "skip_service_principal_aad_check": true,
            "timeouts": null
          },
          "sensitive_attributes": [],
          "private": "eyJlMmJmYjczMC1lY2FhLTExZTYtOGY4OC0zNDM2M2JjN2M0YzAiOnsiY3JlYXRlIjoxODAwMDAwMDAwMDAwLCJkZWxldGUiOjE4MDAwMDAwMDAwMDAsInJlYWQiOjMwMDAwMDAwMDAwMCwidXBkYXRlIjoxODAwMDAwMDAwMDAwfX0=",
          "dependencies": [
            "azurerm_resource_group.rg",
            "azurerm_user_assigned_identity.identity-aks",
            "azurerm_virtual_network.vnet"
          ]
        }
      ]
    },
    {
      "mode": "managed",
      "type": "azurerm_role_assignment",
      "name": "aks_mi_operator",
      "provider": "provider[\"registry.terraform.io/hashicorp/azurerm\"]",
      "instances": [
        {
          "schema_version": 0,
          "attributes": {
            "condition": "",
            "condition_version": "",
            "delegated_managed_identity_resource_id": "",
            "description": "",
            "id": "/subscriptions/25a98a18-5e94-4b21-9d17-e8cf45bfd81f/resourceGroups/rg-aks-cluster/providers/Microsoft.ManagedIdentity/userAssignedIdentities/aks-cluster-agentpool/providers/Microsoft.Authorization/roleAssignments/86159f1c-6ba2-5b22-3af1-5c66465ae158",
            "name": "86159f1c-6ba2-5b22-3af1-5c66465ae158",
            "principal_id": "4bb07329-3bce-432e-8853-4d98a7c0a02f",
            "principal_type": "ServicePrincipal",
            "role_definition_id": "/subscriptions/25a98a18-5e94-4b21-9d17-e8cf45bfd81f/providers/Microsoft.Authorization/roleDefinitions/f1a07417-d97a-45cb-824c-7a7467783830",
            "role_definition_name": "Managed Identity Operator",
            "scope": "/subscriptions/25a98a18-5e94-4b21-9d17-e8cf45bfd81f/resourceGroups/rg-aks-cluster/providers/Microsoft.ManagedIdentity/userAssignedIdentities/aks-cluster-agentpool",
            "skip_service_principal_aad_check": true,
            "timeouts": null
          },
          "sensitive_attributes": [],
          "private": "eyJlMmJmYjczMC1lY2FhLTExZTYtOGY4OC0zNDM2M2JjN2M0YzAiOnsiY3JlYXRlIjoxODAwMDAwMDAwMDAwLCJkZWxldGUiOjE4MDAwMDAwMDAwMDAsInJlYWQiOjMwMDAwMDAwMDAwMCwidXBkYXRlIjoxODAwMDAwMDAwMDAwfX0=",
          "dependencies": [
            "azurerm_resource_group.rg",
            "azurerm_user_assigned_identity.identity-aks",
            "azurerm_user_assigned_identity.identity-kubelet"
          ]
        }
      ]
    },
    {
      "mode": "managed",
      "type": "azurerm_role_assignment",
      "name": "role-contributor",
      "provider": "provider[\"registry.terraform.io/hashicorp/azurerm\"]",
      "instances": [
        {
          "schema_version": 0,
          "attributes": {
            "condition": "",
            "condition_version": "",
            "delegated_managed_identity_resource_id": "",
            "description": "",
            "id": "/subscriptions/25a98a18-5e94-4b21-9d17-e8cf45bfd81f/resourceGroups/rg-aks-cluster/providers/Microsoft.Authorization/roleAssignments/52c46aee-93a5-c6ae-7876-4fbfea5b02de",
            "name": "52c46aee-93a5-c6ae-7876-4fbfea5b02de",
            "principal_id": "0593a03c-3ef9-4188-a909-3afd8e869442",
            "principal_type": "ServicePrincipal",
            "role_definition_id": "/subscriptions/25a98a18-5e94-4b21-9d17-e8cf45bfd81f/providers/Microsoft.Authorization/roleDefinitions/b24988ac-6180-42a0-ab88-20f7382dd24c",
            "role_definition_name": "Contributor",
            "scope": "/subscriptions/25a98a18-5e94-4b21-9d17-e8cf45bfd81f/resourceGroups/rg-aks-cluster",
            "skip_service_principal_aad_check": null,
            "timeouts": null
          },
          "sensitive_attributes": [],
          "private": "eyJlMmJmYjczMC1lY2FhLTExZTYtOGY4OC0zNDM2M2JjN2M0YzAiOnsiY3JlYXRlIjoxODAwMDAwMDAwMDAwLCJkZWxldGUiOjE4MDAwMDAwMDAwMDAsInJlYWQiOjMwMDAwMDAwMDAwMCwidXBkYXRlIjoxODAwMDAwMDAwMDAwfX0=",
          "dependencies": [
            "azuread_application.app",
            "azuread_group.aks_admins",
            "azuread_service_principal.spn",
            "azurerm_application_gateway.appgw",
            "azurerm_kubernetes_cluster.aks",
            "azurerm_public_ip.pip",
            "azurerm_resource_group.rg",
            "azurerm_subnet.subnetappgw",
            "azurerm_subnet.subnetnodes",
            "azurerm_subnet.subnetpods",
            "azurerm_user_assigned_identity.identity-aks",
            "azurerm_user_assigned_identity.identity-kubelet",
            "azurerm_virtual_network.vnet",
            "data.azuread_client_config.current",
            "data.azurerm_subscription.current"
          ]
        }
      ]
    },
    {
      "mode": "managed",
      "type": "azurerm_role_assignment",
      "name": "role-secret-officer",
      "provider": "provider[\"registry.terraform.io/hashicorp/azurerm\"]",
      "instances": [
        {
          "schema_version": 0,
          "attributes": {
            "condition": "",
            "condition_version": "",
            "delegated_managed_identity_resource_id": "",
            "description": "",
            "id": "/subscriptions/25a98a18-5e94-4b21-9d17-e8cf45bfd81f/resourceGroups/rg-aks-cluster/providers/Microsoft.KeyVault/vaults/kvforaks083/providers/Microsoft.Authorization/roleAssignments/64e64dd5-f547-c52a-7451-624326f01882",
            "name": "64e64dd5-f547-c52a-7451-624326f01882",
            "principal_id": "f97fc9ba-ebda-439e-825a-0e25801cb32c",
            "principal_type": "User",
            "role_definition_id": "/subscriptions/25a98a18-5e94-4b21-9d17-e8cf45bfd81f/providers/Microsoft.Authorization/roleDefinitions/b86a8fe4-44ce-4948-aee5-eccb2c155cd7",
            "role_definition_name": "Key Vault Secrets Officer",
            "scope": "/subscriptions/25a98a18-5e94-4b21-9d17-e8cf45bfd81f/resourceGroups/rg-aks-cluster/providers/Microsoft.KeyVault/vaults/kvforaks083",
            "skip_service_principal_aad_check": null,
            "timeouts": null
          },
          "sensitive_attributes": [],
          "private": "eyJlMmJmYjczMC1lY2FhLTExZTYtOGY4OC0zNDM2M2JjN2M0YzAiOnsiY3JlYXRlIjoxODAwMDAwMDAwMDAwLCJkZWxldGUiOjE4MDAwMDAwMDAwMDAsInJlYWQiOjMwMDAwMDAwMDAwMCwidXBkYXRlIjoxODAwMDAwMDAwMDAwfX0=",
          "dependencies": [
            "azurerm_key_vault.kv",
            "azurerm_resource_group.rg",
            "data.azurerm_client_config.current"
          ]
        }
      ]
    },
    {
      "mode": "managed",
      "type": "azurerm_role_assignment",
      "name": "role-secret-user",
      "provider": "provider[\"registry.terraform.io/hashicorp/azurerm\"]",
      "instances": [
        {
          "schema_version": 0,
          "attributes": {
            "condition": "",
            "condition_version": "",
            "delegated_managed_identity_resource_id": "",
            "description": "",
            "id": "/subscriptions/25a98a18-5e94-4b21-9d17-e8cf45bfd81f/resourceGroups/rg-aks-cluster/providers/Microsoft.KeyVault/vaults/kvforaks083/secrets/database-password/providers/Microsoft.Authorization/roleAssignments/3006cd59-d284-8a95-fa35-85cb1806cd3b",
            "name": "3006cd59-d284-8a95-fa35-85cb1806cd3b",
            "principal_id": "7b25760a-e679-413f-a536-a35fb1c9651c",
            "principal_type": "ServicePrincipal",
            "role_definition_id": "/subscriptions/25a98a18-5e94-4b21-9d17-e8cf45bfd81f/providers/Microsoft.Authorization/roleDefinitions/4633458b-17de-408a-b874-0445c86b69e6",
            "role_definition_name": "Key Vault Secrets User",
            "scope": "/subscriptions/25a98a18-5e94-4b21-9d17-e8cf45bfd81f/resourceGroups/rg-aks-cluster/providers/Microsoft.KeyVault/vaults/kvforaks083/secrets/database-password",
            "skip_service_principal_aad_check": null,
            "timeouts": null
          },
          "sensitive_attributes": [],
          "private": "eyJlMmJmYjczMC1lY2FhLTExZTYtOGY4OC0zNDM2M2JjN2M0YzAiOnsiY3JlYXRlIjoxODAwMDAwMDAwMDAwLCJkZWxldGUiOjE4MDAwMDAwMDAwMDAsInJlYWQiOjMwMDAwMDAwMDAwMCwidXBkYXRlIjoxODAwMDAwMDAwMDAwfX0=",
          "dependencies": [
            "azuread_application.app",
            "azuread_group.aks_admins",
            "azuread_service_principal.spn",
            "azurerm_application_gateway.appgw",
            "azurerm_key_vault.kv",
            "azurerm_key_vault_secret.secret",
            "azurerm_kubernetes_cluster.aks",
            "azurerm_public_ip.pip",
            "azurerm_resource_group.rg",
            "azurerm_role_assignment.role-secret-officer",
            "azurerm_subnet.subnetappgw",
            "azurerm_subnet.subnetnodes",
            "azurerm_subnet.subnetpods",
            "azurerm_user_assigned_identity.identity-aks",
            "azurerm_user_assigned_identity.identity-kubelet",
            "azurerm_virtual_network.vnet",
            "data.azuread_client_config.current",
            "data.azurerm_client_config.current",
            "data.azurerm_subscription.current"
          ]
        }
      ]
    },
    {
      "mode": "managed",
      "type": "azurerm_role_assignment",
      "name": "role_acrpull",
      "provider": "provider[\"registry.terraform.io/hashicorp/azurerm\"]",
      "instances": [
        {
          "schema_version": 0,
          "attributes": {
            "condition": "",
            "condition_version": "",
            "delegated_managed_identity_resource_id": "",
            "description": "",
            "id": "/subscriptions/25a98a18-5e94-4b21-9d17-e8cf45bfd81f/resourceGroups/rg-aks-cluster/providers/Microsoft.ContainerRegistry/registries/acrforakstf031/providers/Microsoft.Authorization/roleAssignments/ba1b79ce-083d-6b4a-2432-b91399a5c0db",
            "name": "ba1b79ce-083d-6b4a-2432-b91399a5c0db",
            "principal_id": "c93c640b-8ebe-4886-b21c-ce92e86d1675",
            "principal_type": "ServicePrincipal",
            "role_definition_id": "/subscriptions/25a98a18-5e94-4b21-9d17-e8cf45bfd81f/providers/Microsoft.Authorization/roleDefinitions/7f951dda-4ed3-4680-a7ca-43fe172d538d",
            "role_definition_name": "AcrPull",
            "scope": "/subscriptions/25a98a18-5e94-4b21-9d17-e8cf45bfd81f/resourceGroups/rg-aks-cluster/providers/Microsoft.ContainerRegistry/registries/acrforakstf031",
            "skip_service_principal_aad_check": true,
            "timeouts": null
          },
          "sensitive_attributes": [],
          "private": "eyJlMmJmYjczMC1lY2FhLTExZTYtOGY4OC0zNDM2M2JjN2M0YzAiOnsiY3JlYXRlIjoxODAwMDAwMDAwMDAwLCJkZWxldGUiOjE4MDAwMDAwMDAwMDAsInJlYWQiOjMwMDAwMDAwMDAwMCwidXBkYXRlIjoxODAwMDAwMDAwMDAwfX0=",
          "dependencies": [
            "azurerm_container_registry.acr",
            "azurerm_resource_group.rg",
            "azurerm_user_assigned_identity.identity-kubelet"
          ]
        }
      ]
    },
    {
      "mode": "managed",
      "type": "azurerm_storage_account",
      "name": "aks_backups",
      "provider": "provider[\"registry.terraform.io/hashicorp/azurerm\"]",
      "instances": [
        {
          "schema_version": 3,
          "attributes": {
            "access_tier": "Hot",
            "account_kind": "StorageV2",
            "account_replication_type": "GRS",
            "account_tier": "Standard",
            "allow_nested_items_to_be_public": true,
            "azure_files_authentication": [],
            "blob_properties": [
              {
                "change_feed_enabled": false,
                "container_delete_retention_policy": [],
                "cors_rule": [],
                "default_service_version": "",
                "delete_retention_policy": [],
                "last_access_time_enabled": false,
                "versioning_enabled": false
              }
            ],
            "cross_tenant_replication_enabled": true,
            "custom_domain": [],
            "customer_managed_key": [],
            "edge_zone": "",
            "enable_https_traffic_only": true,
            "id": "/subscriptions/25a98a18-5e94-4b21-9d17-e8cf45bfd81f/resourceGroups/rg-aks-cluster-backups/providers/Microsoft.Storage/storageAccounts/storageforaksbackup01",
            "identity": [],
            "infrastructure_encryption_enabled": false,
            "is_hns_enabled": false,
            "large_file_share_enabled": null,
            "location": "northeurope",
            "min_tls_version": "TLS1_2",
            "name": "storageforaksbackup01",
            "network_rules": [
              {
                "bypass": [
                  "AzureServices"
                ],
                "default_action": "Allow",
                "ip_rules": [],
                "private_link_access": [],
                "virtual_network_subnet_ids": []
              }
            ],
            "nfsv3_enabled": false,
            "primary_access_key": "V/8Ttdf0JLWMPixPXNIqTvSVZTn2PokgA3y7Q/wk2phjt4d8/g82eKv7bX2Psrrww7IOep+tJ+6R+ASt2q36SA==",
            "primary_blob_connection_string": "DefaultEndpointsProtocol=https;BlobEndpoint=https://storageforaksbackup01.blob.core.windows.net/;AccountName=storageforaksbackup01;AccountKey=V/8Ttdf0JLWMPixPXNIqTvSVZTn2PokgA3y7Q/wk2phjt4d8/g82eKv7bX2Psrrww7IOep+tJ+6R+ASt2q36SA==",
            "primary_blob_endpoint": "https://storageforaksbackup01.blob.core.windows.net/",
            "primary_blob_host": "storageforaksbackup01.blob.core.windows.net",
            "primary_connection_string": "DefaultEndpointsProtocol=https;AccountName=storageforaksbackup01;AccountKey=V/8Ttdf0JLWMPixPXNIqTvSVZTn2PokgA3y7Q/wk2phjt4d8/g82eKv7bX2Psrrww7IOep+tJ+6R+ASt2q36SA==;EndpointSuffix=core.windows.net",
            "primary_dfs_endpoint": "https://storageforaksbackup01.dfs.core.windows.net/",
            "primary_dfs_host": "storageforaksbackup01.dfs.core.windows.net",
            "primary_file_endpoint": "https://storageforaksbackup01.file.core.windows.net/",
            "primary_file_host": "storageforaksbackup01.file.core.windows.net",
            "primary_location": "northeurope",
            "primary_queue_endpoint": "https://storageforaksbackup01.queue.core.windows.net/",
            "primary_queue_host": "storageforaksbackup01.queue.core.windows.net",
            "primary_table_endpoint": "https://storageforaksbackup01.table.core.windows.net/",
            "primary_table_host": "storageforaksbackup01.table.core.windows.net",
            "primary_web_endpoint": "https://storageforaksbackup01.z16.web.core.windows.net/",
            "primary_web_host": "storageforaksbackup01.z16.web.core.windows.net",
            "queue_encryption_key_type": "Service",
            "queue_properties": [
              {
                "cors_rule": [],
                "hour_metrics": [
                  {
                    "enabled": true,
                    "include_apis": true,
                    "retention_policy_days": 7,
                    "version": "1.0"
                  }
                ],
                "logging": [
                  {
                    "delete": false,
                    "read": false,
                    "retention_policy_days": 0,
                    "version": "1.0",
                    "write": false
                  }
                ],
                "minute_metrics": [
                  {
                    "enabled": false,
                    "include_apis": false,
                    "retention_policy_days": 0,
                    "version": "1.0"
                  }
                ]
              }
            ],
            "resource_group_name": "rg-aks-cluster-backups",
            "routing": [],
            "secondary_access_key": "DvZ78cM3R+vWhJX1+0gjtIKdKuzsNouvRnzQG7FTRYBcBlX5O3FYRfa+AJyiDuBLLEfzG8iDyIjn+AStv7RqNg==",
            "secondary_blob_connection_string": "",
            "secondary_blob_endpoint": null,
            "secondary_blob_host": null,
            "secondary_connection_string": "DefaultEndpointsProtocol=https;AccountName=storageforaksbackup01;AccountKey=DvZ78cM3R+vWhJX1+0gjtIKdKuzsNouvRnzQG7FTRYBcBlX5O3FYRfa+AJyiDuBLLEfzG8iDyIjn+AStv7RqNg==;EndpointSuffix=core.windows.net",
            "secondary_dfs_endpoint": null,
            "secondary_dfs_host": null,
            "secondary_file_endpoint": null,
            "secondary_file_host": null,
            "secondary_location": "westeurope",
            "secondary_queue_endpoint": null,
            "secondary_queue_host": null,
            "secondary_table_endpoint": null,
            "secondary_table_host": null,
            "secondary_web_endpoint": null,
            "secondary_web_host": null,
            "share_properties": [
              {
                "cors_rule": [],
                "retention_policy": [
                  {
                    "days": 7
                  }
                ],
                "smb": []
              }
            ],
            "shared_access_key_enabled": true,
            "static_website": [],
            "table_encryption_key_type": "Service",
            "tags": {
              "environment": "development",
              "source": "terraform"
            },
            "timeouts": null
          },
          "sensitive_attributes": [],
          "private": "eyJlMmJmYjczMC1lY2FhLTExZTYtOGY4OC0zNDM2M2JjN2M0YzAiOnsiY3JlYXRlIjozNjAwMDAwMDAwMDAwLCJkZWxldGUiOjM2MDAwMDAwMDAwMDAsInJlYWQiOjMwMDAwMDAwMDAwMCwidXBkYXRlIjozNjAwMDAwMDAwMDAwfSwic2NoZW1hX3ZlcnNpb24iOiIzIn0=",
          "dependencies": [
            "azurerm_resource_group.aks_backups"
          ]
        }
      ]
    },
    {
      "mode": "managed",
      "type": "azurerm_storage_container",
      "name": "velero",
      "provider": "provider[\"registry.terraform.io/hashicorp/azurerm\"]",
      "instances": [
        {
          "schema_version": 1,
          "attributes": {
            "container_access_type": "private",
            "has_immutability_policy": false,
            "has_legal_hold": false,
            "id": "https://storageforaksbackup01.blob.core.windows.net/velero",
            "metadata": {},
            "name": "velero",
            "resource_manager_id": "/subscriptions/25a98a18-5e94-4b21-9d17-e8cf45bfd81f/resourceGroups/rg-aks-cluster-backups/providers/Microsoft.Storage/storageAccounts/storageforaksbackup01/blobServices/default/containers/velero",
            "storage_account_name": "storageforaksbackup01",
            "timeouts": null
          },
          "sensitive_attributes": [],
          "private": "eyJlMmJmYjczMC1lY2FhLTExZTYtOGY4OC0zNDM2M2JjN2M0YzAiOnsiY3JlYXRlIjoxODAwMDAwMDAwMDAwLCJkZWxldGUiOjE4MDAwMDAwMDAwMDAsInJlYWQiOjMwMDAwMDAwMDAwMCwidXBkYXRlIjoxODAwMDAwMDAwMDAwfSwic2NoZW1hX3ZlcnNpb24iOiIxIn0=",
          "dependencies": [
            "azurerm_resource_group.aks_backups",
            "azurerm_storage_account.aks_backups"
          ]
        }
      ]
    },
    {
      "mode": "managed",
      "type": "azurerm_subnet",
      "name": "subnetappgw",
      "provider": "provider[\"registry.terraform.io/hashicorp/azurerm\"]",
      "instances": [
        {
          "schema_version": 0,
          "attributes": {
            "address_prefixes": [
              "10.1.0.0/16"
            ],
            "delegation": [],
            "enforce_private_link_endpoint_network_policies": false,
            "enforce_private_link_service_network_policies": false,
            "id": "/subscriptions/25a98a18-5e94-4b21-9d17-e8cf45bfd81f/resourceGroups/rg-aks-cluster/providers/Microsoft.Network/virtualNetworks/vnet-spoke-aks/subnets/subnet-appgw",
            "name": "subnet-appgw",
            "resource_group_name": "rg-aks-cluster",
            "service_endpoint_policy_ids": null,
            "service_endpoints": null,
            "timeouts": null,
            "virtual_network_name": "vnet-spoke-aks"
          },
          "sensitive_attributes": [],
          "private": "eyJlMmJmYjczMC1lY2FhLTExZTYtOGY4OC0zNDM2M2JjN2M0YzAiOnsiY3JlYXRlIjoxODAwMDAwMDAwMDAwLCJkZWxldGUiOjE4MDAwMDAwMDAwMDAsInJlYWQiOjMwMDAwMDAwMDAwMCwidXBkYXRlIjoxODAwMDAwMDAwMDAwfX0=",
          "dependencies": [
            "azurerm_resource_group.rg",
            "azurerm_virtual_network.vnet"
          ],
          "create_before_destroy": true
        }
      ]
    },
    {
      "mode": "managed",
      "type": "azurerm_subnet",
      "name": "subnetnodes",
      "provider": "provider[\"registry.terraform.io/hashicorp/azurerm\"]",
      "instances": [
        {
          "schema_version": 0,
          "attributes": {
            "address_prefixes": [
              "10.241.0.0/16"
            ],
            "delegation": [],
            "enforce_private_link_endpoint_network_policies": false,
            "enforce_private_link_service_network_policies": false,
            "id": "/subscriptions/25a98a18-5e94-4b21-9d17-e8cf45bfd81f/resourceGroups/rg-aks-cluster/providers/Microsoft.Network/virtualNetworks/vnet-spoke-aks/subnets/subnet-aks-nodes",
            "name": "subnet-aks-nodes",
            "resource_group_name": "rg-aks-cluster",
            "service_endpoint_policy_ids": null,
            "service_endpoints": null,
            "timeouts": null,
            "virtual_network_name": "vnet-spoke-aks"
          },
          "sensitive_attributes": [],
          "private": "eyJlMmJmYjczMC1lY2FhLTExZTYtOGY4OC0zNDM2M2JjN2M0YzAiOnsiY3JlYXRlIjoxODAwMDAwMDAwMDAwLCJkZWxldGUiOjE4MDAwMDAwMDAwMDAsInJlYWQiOjMwMDAwMDAwMDAwMCwidXBkYXRlIjoxODAwMDAwMDAwMDAwfX0=",
          "dependencies": [
            "azurerm_resource_group.rg",
            "azurerm_virtual_network.vnet"
          ],
          "create_before_destroy": true
        }
      ]
    },
    {
      "mode": "managed",
      "type": "azurerm_subnet",
      "name": "subnetpods",
      "provider": "provider[\"registry.terraform.io/hashicorp/azurerm\"]",
      "instances": [
        {
          "schema_version": 0,
          "attributes": {
            "address_prefixes": [
              "10.240.0.0/24"
            ],
            "delegation": [
              {
                "name": "aks-delegation",
                "service_delegation": [
                  {
                    "actions": [
                      "Microsoft.Network/virtualNetworks/subnets/join/action"
                    ],
                    "name": "Microsoft.ContainerService/managedClusters"
                  }
                ]
              }
            ],
            "enforce_private_link_endpoint_network_policies": false,
            "enforce_private_link_service_network_policies": false,
            "id": "/subscriptions/25a98a18-5e94-4b21-9d17-e8cf45bfd81f/resourceGroups/rg-aks-cluster/providers/Microsoft.Network/virtualNetworks/vnet-spoke-aks/subnets/subnet-aks-pods",
            "name": "subnet-aks-pods",
            "resource_group_name": "rg-aks-cluster",
            "service_endpoint_policy_ids": null,
            "service_endpoints": null,
            "timeouts": null,
            "virtual_network_name": "vnet-spoke-aks"
          },
          "sensitive_attributes": [],
          "private": "eyJlMmJmYjczMC1lY2FhLTExZTYtOGY4OC0zNDM2M2JjN2M0YzAiOnsiY3JlYXRlIjoxODAwMDAwMDAwMDAwLCJkZWxldGUiOjE4MDAwMDAwMDAwMDAsInJlYWQiOjMwMDAwMDAwMDAwMCwidXBkYXRlIjoxODAwMDAwMDAwMDAwfX0=",
          "dependencies": [
            "azurerm_resource_group.rg",
            "azurerm_virtual_network.vnet"
          ],
          "create_before_destroy": true
        }
      ]
    },
    {
      "mode": "managed",
      "type": "azurerm_user_assigned_identity",
      "name": "identity-aks",
      "provider": "provider[\"registry.terraform.io/hashicorp/azurerm\"]",
      "instances": [
        {
          "schema_version": 1,
          "attributes": {
            "client_id": "95b2fbdc-19ec-4922-a541-e23f630356cf",
            "id": "/subscriptions/25a98a18-5e94-4b21-9d17-e8cf45bfd81f/resourceGroups/rg-aks-cluster/providers/Microsoft.ManagedIdentity/userAssignedIdentities/identity-aks",
            "location": "westeurope",
            "name": "identity-aks",
            "principal_id": "4bb07329-3bce-432e-8853-4d98a7c0a02f",
            "resource_group_name": "rg-aks-cluster",
            "tags": {
              "environment": "development",
              "source": "terraform"
            },
            "tenant_id": "558506eb-9459-4ef3-b920-ad55c555e729",
            "timeouts": null
          },
          "sensitive_attributes": [],
          "private": "eyJlMmJmYjczMC1lY2FhLTExZTYtOGY4OC0zNDM2M2JjN2M0YzAiOnsiY3JlYXRlIjoxODAwMDAwMDAwMDAwLCJkZWxldGUiOjE4MDAwMDAwMDAwMDAsInJlYWQiOjMwMDAwMDAwMDAwMCwidXBkYXRlIjoxODAwMDAwMDAwMDAwfSwic2NoZW1hX3ZlcnNpb24iOiIxIn0=",
          "dependencies": [
            "azurerm_resource_group.rg"
          ],
          "create_before_destroy": true
        }
      ]
    },
    {
      "mode": "managed",
      "type": "azurerm_user_assigned_identity",
      "name": "identity-kubelet",
      "provider": "provider[\"registry.terraform.io/hashicorp/azurerm\"]",
      "instances": [
        {
          "schema_version": 1,
          "attributes": {
            "client_id": "484c3b8b-e650-4182-a994-1c2e447a38fe",
            "id": "/subscriptions/25a98a18-5e94-4b21-9d17-e8cf45bfd81f/resourceGroups/rg-aks-cluster/providers/Microsoft.ManagedIdentity/userAssignedIdentities/aks-cluster-agentpool",
            "location": "westeurope",
            "name": "aks-cluster-agentpool",
            "principal_id": "c93c640b-8ebe-4886-b21c-ce92e86d1675",
            "resource_group_name": "rg-aks-cluster",
            "tags": {
              "environment": "development",
              "source": "terraform"
            },
            "tenant_id": "558506eb-9459-4ef3-b920-ad55c555e729",
            "timeouts": null
          },
          "sensitive_attributes": [],
          "private": "eyJlMmJmYjczMC1lY2FhLTExZTYtOGY4OC0zNDM2M2JjN2M0YzAiOnsiY3JlYXRlIjoxODAwMDAwMDAwMDAwLCJkZWxldGUiOjE4MDAwMDAwMDAwMDAsInJlYWQiOjMwMDAwMDAwMDAwMCwidXBkYXRlIjoxODAwMDAwMDAwMDAwfSwic2NoZW1hX3ZlcnNpb24iOiIxIn0=",
          "dependencies": [
            "azurerm_resource_group.rg"
          ],
          "create_before_destroy": true
        }
      ]
    },
    {
      "mode": "managed",
      "type": "azurerm_virtual_network",
      "name": "vnet",
      "provider": "provider[\"registry.terraform.io/hashicorp/azurerm\"]",
      "instances": [
        {
          "schema_version": 0,
          "attributes": {
            "address_space": [
              "10.0.0.0/8"
            ],
            "bgp_community": "",
            "ddos_protection_plan": [],
            "dns_servers": [],
            "edge_zone": "",
            "flow_timeout_in_minutes": 0,
            "guid": "ff0e83a2-de03-42ab-9496-88bd414acd4d",
            "id": "/subscriptions/25a98a18-5e94-4b21-9d17-e8cf45bfd81f/resourceGroups/rg-aks-cluster/providers/Microsoft.Network/virtualNetworks/vnet-spoke-aks",
            "location": "westeurope",
            "name": "vnet-spoke-aks",
            "resource_group_name": "rg-aks-cluster",
            "subnet": [],
            "tags": {
              "environment": "development",
              "source": "terraform"
            },
            "timeouts": null
          },
          "sensitive_attributes": [],
          "private": "eyJlMmJmYjczMC1lY2FhLTExZTYtOGY4OC0zNDM2M2JjN2M0YzAiOnsiY3JlYXRlIjoxODAwMDAwMDAwMDAwLCJkZWxldGUiOjE4MDAwMDAwMDAwMDAsInJlYWQiOjMwMDAwMDAwMDAwMCwidXBkYXRlIjoxODAwMDAwMDAwMDAwfX0=",
          "dependencies": [
            "azurerm_resource_group.rg"
          ],
          "create_before_destroy": true
        }
      ]
    }
  ]
}
