{
  "version": 4,
  "terraform_version": "1.2.2",
  "serial": 107,
  "lineage": "35b670ec-35d1-6755-3b67-7b119653263f",
  "outputs": {
    "application_ip_address": {
      "value": "13.93.119.217",
      "type": "string"
    },
    "client_certificate": {
      "value": "",
      "type": "string",
      "sensitive": true
    },
    "client_key": {
      "value": "",
      "type": "string",
      "sensitive": true
    },
    "cluster_ca_certificate": {
      "value": "LS0tLS1CRUdJTiBDRVJUSUZJQ0FURS0tLS0tCk1JSUU2RENDQXRDZ0F3SUJBZ0lRQlZXckxhcnJ6eGs4ZlplZHd1TE1rakFOQmdrcWhraUc5dzBCQVFzRkFEQU4KTVFzd0NRWURWUVFERXdKallUQWdGdzB5TWpBMk1UZ3dPVEU1TXpSYUdBOHlNRFV5TURZeE9EQTVNamt6TkZvdwpEVEVMTUFrR0ExVUVBeE1DWTJFd2dnSWlNQTBHQ1NxR1NJYjNEUUVCQVFVQUE0SUNEd0F3Z2dJS0FvSUNBUURZCldQb0RERWtpSVVxUjI0a2pLdVE2YVl3ZUpVM0o2Q21zd2xQMkZDcHV6ZGtOSXZjZTJIdk9xT01ESGpzZmU5WVUKaWRsQWx4M2hMV3kyRTZvclNKZ1NkS1VEMnd4cWtKcHI0TS9ieTN3Z0tUQkRUUEIxNGlOTHdMU3JDWkdLVURYMwplVlliRWc1TmZ4aGJjdEtacUpvdko4M29pWGpkVlBxbUxaamhwUDIrOUNCaGNsZ1JJNDdxMDhLdXVFOHRCZHNHCmFXY3JydmFQTXNQLzFhWHNzbEhQTDZyTk9vZlFnUjJTUEpBcDgzaE9uc050aklmNU1LK1VCeUNKMG93UDVja24KVm5VclNzYzA2bkplUFlWc1ljMVVKeGwwSHQzbW5LOXpva2ozMkdZTk1HdzdVMUtaMUdNenE3bmR2L0J2WGcvegptbXZUOVNVRDBrdGZ3dDAwRjlKWDNMTHpYNittU3QyN3BtRFVOVmR2US8xTWE4S2gxeXBWV1l1SWs1ZVRvcVFRClh6YWgxcTQwbW5hdFJjem9Kbk0yLzdQaGs5alRGbG03ajBHT0p0UVBuc1c0Q3NRS0tkcTdDSHZUNW1NbnBHNUIKWUhEek1KQUl4elBnUXpmbzNzQmVjQVNXZDlJYUM5a1pnbzhGbFdYU2c3QXFsYlBXclBFdW1mb3FFb1M0NFpoawpVSGJxTmlmcm84ZEs2RU5BN3NCdEdrbjgxSi84UWQ1YVkxaHRDLzJiYTVza1JRY3czYTQ0RnZtaGxreEttOW05CmVzdlhOLzVtVnc0RTJYanpJL0pPb0JKcjFFd1Y1K3Ixb29SQlFBa2JVajVYcTFFMGdJRHJTS1FuVFBFRXFvaW4KV0E4clZMdXNsMDEyY2owUEdaOEdramZQRmFERnBmMEJQK2dqWEVRUit3SURBUUFCbzBJd1FEQU9CZ05WSFE4QgpBZjhFQkFNQ0FxUXdEd1lEVlIwVEFRSC9CQVV3QXdFQi96QWRCZ05WSFE0RUZnUVV2ZUxrTkw4bHhYWFY0RE9ZCm85c1pGM0VaRHNBd0RRWUpLb1pJaHZjTkFRRUxCUUFEZ2dJQkFGM2VBdXpYaTlyRWxzVE4vSC9WVks3MlRyaUEKT1dBUXB0dnMxSXlrb2lFUDBXazUyY0lkM3pxTXg3ckVheUJhMGlhdENHM202TnRkeDZNYUZjQWxxQjJQMGlPagpsSTkwZ2tyMDRjOVRST0cyakNnbkt1YkJWcWhqL3JmaGtXRlg0Vm9Id2Z2WktCaDdlVGJmNUZMOHlWM0lmNHhjClBuQWltVTY0VGZabTAzblVZMGVKcDRCUTZCd0djdnVRS0J4dG5DcTl6M1B3MG0zVlcyYkI4cUV3d3FTdDF1SWgKM211WGh5TVNNWkpxWWZZM0VrNlZ2eTBvcWJOTXh6d1RTY2N6MVI2eCtxbTA2cVdjUTUveHBMVFBXanlDeGNBVApNelNQL09RanRYdm9ZK1BIOXBNTUJuVmlsRWp1cW5ZNjNRNHk3UkpRdHFLaStBY211Mjg4SHNUUittelJaU3J5Ck9oZVF5dGlhQ0Fubi8rV21aZmxCcU5LMll3d043TERVa0ErUWE1c01ldGgrNUdnWUxzSm5zK1pRNkl2VXBMQ2oKSWFjMW9KSDEwdnc1K2xJMGE0eU1xV0tQRmJvYk4wR0NVTExXb2xEWUZkcHpXYlF2Q1BXVG45a25mZWlkZmR0cAp5U3VlSWtKelEyZmZqb3pOdTdwSVYvR3RXNGE1cHRrb2xhc3Y5aTFhSVFDbFd4TWE3dGc4RTUzS0xBa2pzRVRZCmE3TXA5eS9xNUllb0F3a1J3clFZNkhmRUpaMlhoNm1lSFBCR2I3NnBxbFNVdVQvMGJtMklBeWxVK3dMOGF6UDkKRWhpY1FtaDNNV21JZXgrN0M0bjhNeSt5VEhZeEZWclN5VVVyTjNHOGYxUmNwbHdjb2Jpd0RsUjQ3dHRVL2x2ZQpNQy9RSnAvVU5hd1docUZvCi0tLS0tRU5EIENFUlRJRklDQVRFLS0tLS0K",
      "type": "string",
      "sensitive": true
    },
    "cluster_password": {
      "value": "",
      "type": "string",
      "sensitive": true
    },
    "cluster_username": {
      "value": "clusterUser_rg-aks-cluster_aks-cluster",
      "type": "string",
      "sensitive": true
    },
    "host": {
      "value": "https://aks-ca14b6d0.hcp.westeurope.azmk8s.io:443",
      "type": "string",
      "sensitive": true
    },
    "kube_config": {
      "value": "apiVersion: v1\nclusters:\n- cluster:\n    certificate-authority-data: LS0tLS1CRUdJTiBDRVJUSUZJQ0FURS0tLS0tCk1JSUU2RENDQXRDZ0F3SUJBZ0lRQlZXckxhcnJ6eGs4ZlplZHd1TE1rakFOQmdrcWhraUc5dzBCQVFzRkFEQU4KTVFzd0NRWURWUVFERXdKallUQWdGdzB5TWpBMk1UZ3dPVEU1TXpSYUdBOHlNRFV5TURZeE9EQTVNamt6TkZvdwpEVEVMTUFrR0ExVUVBeE1DWTJFd2dnSWlNQTBHQ1NxR1NJYjNEUUVCQVFVQUE0SUNEd0F3Z2dJS0FvSUNBUURZCldQb0RERWtpSVVxUjI0a2pLdVE2YVl3ZUpVM0o2Q21zd2xQMkZDcHV6ZGtOSXZjZTJIdk9xT01ESGpzZmU5WVUKaWRsQWx4M2hMV3kyRTZvclNKZ1NkS1VEMnd4cWtKcHI0TS9ieTN3Z0tUQkRUUEIxNGlOTHdMU3JDWkdLVURYMwplVlliRWc1TmZ4aGJjdEtacUpvdko4M29pWGpkVlBxbUxaamhwUDIrOUNCaGNsZ1JJNDdxMDhLdXVFOHRCZHNHCmFXY3JydmFQTXNQLzFhWHNzbEhQTDZyTk9vZlFnUjJTUEpBcDgzaE9uc050aklmNU1LK1VCeUNKMG93UDVja24KVm5VclNzYzA2bkplUFlWc1ljMVVKeGwwSHQzbW5LOXpva2ozMkdZTk1HdzdVMUtaMUdNenE3bmR2L0J2WGcvegptbXZUOVNVRDBrdGZ3dDAwRjlKWDNMTHpYNittU3QyN3BtRFVOVmR2US8xTWE4S2gxeXBWV1l1SWs1ZVRvcVFRClh6YWgxcTQwbW5hdFJjem9Kbk0yLzdQaGs5alRGbG03ajBHT0p0UVBuc1c0Q3NRS0tkcTdDSHZUNW1NbnBHNUIKWUhEek1KQUl4elBnUXpmbzNzQmVjQVNXZDlJYUM5a1pnbzhGbFdYU2c3QXFsYlBXclBFdW1mb3FFb1M0NFpoawpVSGJxTmlmcm84ZEs2RU5BN3NCdEdrbjgxSi84UWQ1YVkxaHRDLzJiYTVza1JRY3czYTQ0RnZtaGxreEttOW05CmVzdlhOLzVtVnc0RTJYanpJL0pPb0JKcjFFd1Y1K3Ixb29SQlFBa2JVajVYcTFFMGdJRHJTS1FuVFBFRXFvaW4KV0E4clZMdXNsMDEyY2owUEdaOEdramZQRmFERnBmMEJQK2dqWEVRUit3SURBUUFCbzBJd1FEQU9CZ05WSFE4QgpBZjhFQkFNQ0FxUXdEd1lEVlIwVEFRSC9CQVV3QXdFQi96QWRCZ05WSFE0RUZnUVV2ZUxrTkw4bHhYWFY0RE9ZCm85c1pGM0VaRHNBd0RRWUpLb1pJaHZjTkFRRUxCUUFEZ2dJQkFGM2VBdXpYaTlyRWxzVE4vSC9WVks3MlRyaUEKT1dBUXB0dnMxSXlrb2lFUDBXazUyY0lkM3pxTXg3ckVheUJhMGlhdENHM202TnRkeDZNYUZjQWxxQjJQMGlPagpsSTkwZ2tyMDRjOVRST0cyakNnbkt1YkJWcWhqL3JmaGtXRlg0Vm9Id2Z2WktCaDdlVGJmNUZMOHlWM0lmNHhjClBuQWltVTY0VGZabTAzblVZMGVKcDRCUTZCd0djdnVRS0J4dG5DcTl6M1B3MG0zVlcyYkI4cUV3d3FTdDF1SWgKM211WGh5TVNNWkpxWWZZM0VrNlZ2eTBvcWJOTXh6d1RTY2N6MVI2eCtxbTA2cVdjUTUveHBMVFBXanlDeGNBVApNelNQL09RanRYdm9ZK1BIOXBNTUJuVmlsRWp1cW5ZNjNRNHk3UkpRdHFLaStBY211Mjg4SHNUUittelJaU3J5Ck9oZVF5dGlhQ0Fubi8rV21aZmxCcU5LMll3d043TERVa0ErUWE1c01ldGgrNUdnWUxzSm5zK1pRNkl2VXBMQ2oKSWFjMW9KSDEwdnc1K2xJMGE0eU1xV0tQRmJvYk4wR0NVTExXb2xEWUZkcHpXYlF2Q1BXVG45a25mZWlkZmR0cAp5U3VlSWtKelEyZmZqb3pOdTdwSVYvR3RXNGE1cHRrb2xhc3Y5aTFhSVFDbFd4TWE3dGc4RTUzS0xBa2pzRVRZCmE3TXA5eS9xNUllb0F3a1J3clFZNkhmRUpaMlhoNm1lSFBCR2I3NnBxbFNVdVQvMGJtMklBeWxVK3dMOGF6UDkKRWhpY1FtaDNNV21JZXgrN0M0bjhNeSt5VEhZeEZWclN5VVVyTjNHOGYxUmNwbHdjb2Jpd0RsUjQ3dHRVL2x2ZQpNQy9RSnAvVU5hd1docUZvCi0tLS0tRU5EIENFUlRJRklDQVRFLS0tLS0K\n    server: https://aks-ca14b6d0.hcp.westeurope.azmk8s.io:443\n  name: aks-cluster\ncontexts:\n- context:\n    cluster: aks-cluster\n    user: clusterUser_rg-aks-cluster_aks-cluster\n  name: aks-cluster\ncurrent-context: aks-cluster\nkind: Config\npreferences: {}\nusers:\n- name: clusterUser_rg-aks-cluster_aks-cluster\n  user:\n    auth-provider:\n      config:\n        apiserver-id: 6dae42f8-4368-4678-94ff-3960e28e3630\n        client-id: 80faf920-1908-4b52-b5ef-a8e7bedfc67a\n        config-mode: \"1\"\n        environment: AzurePublicCloud\n        tenant-id: 558506eb-9459-4ef3-b920-ad55c555e729\n      name: azure\n",
      "type": "string",
      "sensitive": true
    },
    "resource_group_name": {
      "value": "rg-aks-cluster",
      "type": "string"
    }
  },
  "resources": [
    {
      "mode": "data",
      "type": "azuread_client_config",
      "name": "current",
      "provider": "provider[\"registry.terraform.io/hashicorp/azuread\"]",
      "instances": [
        {
          "schema_version": 0,
          "attributes": {
            "client_id": "04b07795-8ddb-461a-bbee-02f9e1bf7b46",
            "id": "558506eb-9459-4ef3-b920-ad55c555e729-04b07795-8ddb-461a-bbee-02f9e1bf7b46-f97fc9ba-ebda-439e-825a-0e25801cb32c",
            "object_id": "f97fc9ba-ebda-439e-825a-0e25801cb32c",
            "tenant_id": "558506eb-9459-4ef3-b920-ad55c555e729",
            "timeouts": null
          },
          "sensitive_attributes": []
        }
      ]
    },
    {
      "mode": "data",
      "type": "azuread_service_principal",
      "name": "aks_aad_server",
      "provider": "provider[\"registry.terraform.io/hashicorp/azuread\"]",
      "instances": [
        {
          "schema_version": 0,
          "attributes": {
            "account_enabled": true,
            "alternative_names": [],
            "app_role_assignment_required": false,
            "app_role_ids": {},
            "app_roles": [],
            "application_id": "6dae42f8-4368-4678-94ff-3960e28e3630",
            "application_tenant_id": "f8cdef31-a31e-4b4a-93e4-5f571e91255a",
            "description": "",
            "display_name": "Azure Kubernetes Service AAD Server",
            "feature_tags": [
              {
                "custom_single_sign_on": false,
                "enterprise": false,
                "gallery": false,
                "hide": false
              }
            ],
            "features": [
              {
                "custom_single_sign_on_app": false,
                "enterprise_application": false,
                "gallery_application": false,
                "visible_to_users": true
              }
            ],
            "homepage_url": "",
            "id": "5dc776ad-9525-4afd-ad24-334e21ad710e",
            "login_url": "",
            "logout_url": "",
            "notes": "",
            "notification_email_addresses": [],
            "oauth2_permission_scope_ids": {
              "user.read": "34a47c2f-cd0d-47b4-a93c-2c41130c671c"
            },
            "oauth2_permission_scopes": [
              {
                "admin_consent_description": "this allows to read user profile",
                "admin_consent_display_name": "user.read",
                "enabled": true,
                "id": "34a47c2f-cd0d-47b4-a93c-2c41130c671c",
                "type": "User",
                "user_consent_description": "this allows to read user profile",
                "user_consent_display_name": "user.read",
                "value": "user.read"
              }
            ],
            "object_id": "5dc776ad-9525-4afd-ad24-334e21ad710e",
            "preferred_single_sign_on_mode": "",
            "redirect_uris": [],
            "saml_metadata_url": "",
            "saml_single_sign_on": [],
            "service_principal_names": [
              "https://aks-aad-server.azure.com"
            ],
            "sign_in_audience": "AzureADMultipleOrgs",
            "tags": [],
            "timeouts": null,
            "type": "Application"
          },
          "sensitive_attributes": []
        }
      ]
    },
    {
      "mode": "data",
      "type": "azurerm_client_config",
      "name": "current",
      "provider": "provider[\"registry.terraform.io/hashicorp/azurerm\"]",
      "instances": [
        {
          "schema_version": 0,
          "attributes": {
            "client_id": "04b07795-8ddb-461a-bbee-02f9e1bf7b46",
            "id": "2022-06-18 12:55:04.6477244 +0000 UTC",
            "object_id": "f97fc9ba-ebda-439e-825a-0e25801cb32c",
            "subscription_id": "7b1f7584-2f78-4923-851d-04a91bb32a57",
            "tenant_id": "558506eb-9459-4ef3-b920-ad55c555e729",
            "timeouts": null
          },
          "sensitive_attributes": []
        }
      ]
    },
    {
      "mode": "data",
      "type": "azurerm_kubernetes_service_versions",
      "name": "current",
      "provider": "provider[\"registry.terraform.io/hashicorp/azurerm\"]",
      "instances": [
        {
          "schema_version": 0,
          "attributes": {
            "id": "/subscriptions/7b1f7584-2f78-4923-851d-04a91bb32a57/providers/Microsoft.ContainerService/locations/westeurope/orchestrators",
            "include_preview": true,
            "latest_version": "1.24.0",
            "location": "westeurope",
            "timeouts": null,
            "version_prefix": null,
            "versions": [
              "1.21.7",
              "1.21.9",
              "1.22.4",
              "1.22.6",
              "1.23.3",
              "1.23.5",
              "1.24.0"
            ]
          },
          "sensitive_attributes": []
        }
      ]
    },
    {
      "mode": "data",
      "type": "azurerm_resource_group",
      "name": "aks_nodes_rg",
      "provider": "provider[\"registry.terraform.io/hashicorp/azurerm\"]",
      "instances": []
    },
    {
      "mode": "data",
      "type": "azurerm_subscription",
      "name": "current",
      "provider": "provider[\"registry.terraform.io/hashicorp/azurerm\"]",
      "instances": [
        {
          "schema_version": 0,
          "attributes": {
            "display_name": "Microsoft-Azure-3",
            "id": "/subscriptions/7b1f7584-2f78-4923-851d-04a91bb32a57",
            "location_placement_id": "Public_2014-09-01",
            "quota_id": "MSDN_2014-09-01",
            "spending_limit": "On",
            "state": "Enabled",
            "subscription_id": "7b1f7584-2f78-4923-851d-04a91bb32a57",
            "tags": {},
            "tenant_id": "558506eb-9459-4ef3-b920-ad55c555e729",
            "timeouts": null
          },
          "sensitive_attributes": []
        }
      ]
    },
    {
      "mode": "managed",
      "type": "azuread_application",
      "name": "app_velero",
      "provider": "provider[\"registry.terraform.io/hashicorp/azuread\"]",
      "instances": [
        {
          "schema_version": 1,
          "attributes": {
            "api": [
              {
                "known_client_applications": [],
                "mapped_claims_enabled": false,
                "oauth2_permission_scope": [],
                "requested_access_token_version": 1
              }
            ],
            "app_role": [],
            "app_role_ids": {},
            "application_id": "57c0c36c-3db4-4add-9728-29d371c27f55",
            "device_only_auth_enabled": false,
            "disabled_by_microsoft": "\u003cnil\u003e",
            "display_name": "spn-aks-tf",
            "fallback_public_client_enabled": false,
            "feature_tags": [
              {
                "custom_single_sign_on": false,
                "enterprise": false,
                "gallery": false,
                "hide": false
              }
            ],
            "group_membership_claims": [],
            "id": "c1b93bf0-96bf-48fa-9563-b1dd43825796",
            "identifier_uris": [],
            "logo_image": "",
            "logo_url": "",
            "marketing_url": "",
            "oauth2_permission_scope_ids": {},
            "oauth2_post_response_required": false,
            "object_id": "c1b93bf0-96bf-48fa-9563-b1dd43825796",
            "optional_claims": [
              {
                "access_token": [],
                "id_token": [],
                "saml2_token": []
              }
            ],
            "owners": [],
            "prevent_duplicate_names": false,
            "privacy_statement_url": "",
            "public_client": [
              {
                "redirect_uris": []
              }
            ],
            "publisher_domain": "houssemdellai.onmicrosoft.com",
            "required_resource_access": [],
            "sign_in_audience": "AzureADMyOrg",
            "single_page_application": [
              {
                "redirect_uris": []
              }
            ],
            "support_url": "",
            "tags": [],
            "template_id": "",
            "terms_of_service_url": "",
            "timeouts": null,
            "web": [
              {
                "homepage_url": "",
                "implicit_grant": [
                  {
                    "access_token_issuance_enabled": false,
                    "id_token_issuance_enabled": false
                  }
                ],
                "logout_url": "",
                "redirect_uris": []
              }
            ]
          },
          "sensitive_attributes": [],
          "private": "eyJlMmJmYjczMC1lY2FhLTExZTYtOGY4OC0zNDM2M2JjN2M0YzAiOnsiY3JlYXRlIjo2MDAwMDAwMDAwMDAsImRlbGV0ZSI6MzAwMDAwMDAwMDAwLCJyZWFkIjozMDAwMDAwMDAwMDAsInVwZGF0ZSI6NjAwMDAwMDAwMDAwfSwic2NoZW1hX3ZlcnNpb24iOiIxIn0="
        }
      ]
    },
    {
      "mode": "managed",
      "type": "azuread_application",
      "name": "kubecost",
      "provider": "provider[\"registry.terraform.io/hashicorp/azuread\"]",
      "instances": [
        {
          "schema_version": 1,
          "attributes": {
            "api": [
              {
                "known_client_applications": [],
                "mapped_claims_enabled": false,
                "oauth2_permission_scope": [],
                "requested_access_token_version": 1
              }
            ],
            "app_role": [],
            "app_role_ids": {},
            "application_id": "62cc60ea-ba02-4847-b980-e6421ca33f04",
            "device_only_auth_enabled": false,
            "disabled_by_microsoft": "\u003cnil\u003e",
            "display_name": "kubecost",
            "fallback_public_client_enabled": false,
            "feature_tags": [
              {
                "custom_single_sign_on": false,
                "enterprise": false,
                "gallery": false,
                "hide": false
              }
            ],
            "group_membership_claims": [],
            "id": "846bafbb-4b24-4bba-ab21-a07f59154ecd",
            "identifier_uris": [],
            "logo_image": "",
            "logo_url": "",
            "marketing_url": "",
            "oauth2_permission_scope_ids": {},
            "oauth2_post_response_required": false,
            "object_id": "846bafbb-4b24-4bba-ab21-a07f59154ecd",
            "optional_claims": [
              {
                "access_token": [],
                "id_token": [],
                "saml2_token": []
              }
            ],
            "owners": [],
            "prevent_duplicate_names": false,
            "privacy_statement_url": "",
            "public_client": [
              {
                "redirect_uris": []
              }
            ],
            "publisher_domain": "houssemdellai.onmicrosoft.com",
            "required_resource_access": [],
            "sign_in_audience": "AzureADMyOrg",
            "single_page_application": [
              {
                "redirect_uris": []
              }
            ],
            "support_url": "",
            "tags": [],
            "template_id": "",
            "terms_of_service_url": "",
            "timeouts": null,
            "web": [
              {
                "homepage_url": "",
                "implicit_grant": [
                  {
                    "access_token_issuance_enabled": false,
                    "id_token_issuance_enabled": false
                  }
                ],
                "logout_url": "",
                "redirect_uris": []
              }
            ]
          },
          "sensitive_attributes": [],
          "private": "eyJlMmJmYjczMC1lY2FhLTExZTYtOGY4OC0zNDM2M2JjN2M0YzAiOnsiY3JlYXRlIjo2MDAwMDAwMDAwMDAsImRlbGV0ZSI6MzAwMDAwMDAwMDAwLCJyZWFkIjozMDAwMDAwMDAwMDAsInVwZGF0ZSI6NjAwMDAwMDAwMDAwfSwic2NoZW1hX3ZlcnNpb24iOiIxIn0="
        }
      ]
    },
    {
      "mode": "managed",
      "type": "azuread_group",
      "name": "aks_admins",
      "provider": "provider[\"registry.terraform.io/hashicorp/azuread\"]",
      "instances": [
        {
          "schema_version": 0,
          "attributes": {
            "assignable_to_role": false,
            "auto_subscribe_new_members": false,
            "behaviors": [],
            "description": "",
            "display_name": "group_aks_admins",
            "dynamic_membership": [],
            "external_senders_allowed": false,
            "hide_from_address_lists": false,
            "hide_from_outlook_clients": false,
            "id": "d538a926-9bf1-4eda-a916-287c1d58ccc3",
            "mail": "",
            "mail_enabled": false,
            "mail_nickname": "52ae6120-8",
            "members": [
              "5a0bfc6f-c1fa-4d85-a2e0-d78364ff6c42",
              "f97fc9ba-ebda-439e-825a-0e25801cb32c"
            ],
            "object_id": "d538a926-9bf1-4eda-a916-287c1d58ccc3",
            "onpremises_domain_name": "",
            "onpremises_netbios_name": "",
            "onpremises_sam_account_name": "",
            "onpremises_security_identifier": "",
            "onpremises_sync_enabled": false,
            "owners": [
              "f97fc9ba-ebda-439e-825a-0e25801cb32c"
            ],
            "preferred_language": "",
            "prevent_duplicate_names": false,
            "provisioning_options": [],
            "proxy_addresses": [],
            "security_enabled": true,
            "theme": "",
            "timeouts": null,
            "types": [],
            "visibility": ""
          },
          "sensitive_attributes": [],
          "private": "eyJlMmJmYjczMC1lY2FhLTExZTYtOGY4OC0zNDM2M2JjN2M0YzAiOnsiY3JlYXRlIjoxMjAwMDAwMDAwMDAwLCJkZWxldGUiOjMwMDAwMDAwMDAwMCwicmVhZCI6MzAwMDAwMDAwMDAwLCJ1cGRhdGUiOjEyMDAwMDAwMDAwMDB9fQ==",
          "dependencies": [
            "azuread_application.app_velero",
            "azuread_service_principal.spn_velero",
            "data.azuread_client_config.current"
          ]
        }
      ]
    },
    {
      "mode": "managed",
      "type": "azuread_service_principal",
      "name": "kubecost",
      "provider": "provider[\"registry.terraform.io/hashicorp/azuread\"]",
      "instances": [
        {
          "schema_version": 0,
          "attributes": {
            "account_enabled": true,
            "alternative_names": [],
            "app_role_assignment_required": false,
            "app_role_ids": {},
            "app_roles": [],
            "application_id": "62cc60ea-ba02-4847-b980-e6421ca33f04",
            "application_tenant_id": "558506eb-9459-4ef3-b920-ad55c555e729",
            "description": "",
            "display_name": "kubecost",
            "feature_tags": [
              {
                "custom_single_sign_on": false,
                "enterprise": false,
                "gallery": false,
                "hide": false
              }
            ],
            "features": [
              {
                "custom_single_sign_on_app": false,
                "enterprise_application": false,
                "gallery_application": false,
                "visible_to_users": true
              }
            ],
            "homepage_url": "",
            "id": "7a056a7c-f485-4c41-8ddd-7593c7aa631f",
            "login_url": "",
            "logout_url": "",
            "notes": "",
            "notification_email_addresses": [],
            "oauth2_permission_scope_ids": {},
            "oauth2_permission_scopes": [],
            "object_id": "7a056a7c-f485-4c41-8ddd-7593c7aa631f",
            "owners": [],
            "preferred_single_sign_on_mode": "",
            "redirect_uris": [],
            "saml_metadata_url": "",
            "saml_single_sign_on": [
              {
                "relay_state": ""
              }
            ],
            "service_principal_names": [],
            "sign_in_audience": "AzureADMyOrg",
            "tags": [],
            "timeouts": null,
            "type": "Application",
            "use_existing": null
          },
          "sensitive_attributes": [],
          "private": "eyJlMmJmYjczMC1lY2FhLTExZTYtOGY4OC0zNDM2M2JjN2M0YzAiOnsiY3JlYXRlIjo2MDAwMDAwMDAwMDAsImRlbGV0ZSI6MzAwMDAwMDAwMDAwLCJyZWFkIjozMDAwMDAwMDAwMDAsInVwZGF0ZSI6NjAwMDAwMDAwMDAwfX0=",
          "dependencies": [
            "azuread_application.kubecost"
          ]
        }
      ]
    },
    {
      "mode": "managed",
      "type": "azuread_service_principal",
      "name": "spn_velero",
      "provider": "provider[\"registry.terraform.io/hashicorp/azuread\"]",
      "instances": [
        {
          "schema_version": 0,
          "attributes": {
            "account_enabled": true,
            "alternative_names": [],
            "app_role_assignment_required": false,
            "app_role_ids": {},
            "app_roles": [],
            "application_id": "57c0c36c-3db4-4add-9728-29d371c27f55",
            "application_tenant_id": "558506eb-9459-4ef3-b920-ad55c555e729",
            "description": "",
            "display_name": "spn-aks-tf",
            "feature_tags": [
              {
                "custom_single_sign_on": false,
                "enterprise": false,
                "gallery": false,
                "hide": false
              }
            ],
            "features": [
              {
                "custom_single_sign_on_app": false,
                "enterprise_application": false,
                "gallery_application": false,
                "visible_to_users": true
              }
            ],
            "homepage_url": "",
            "id": "5a0bfc6f-c1fa-4d85-a2e0-d78364ff6c42",
            "login_url": "",
            "logout_url": "",
            "notes": "",
            "notification_email_addresses": [],
            "oauth2_permission_scope_ids": {},
            "oauth2_permission_scopes": [],
            "object_id": "5a0bfc6f-c1fa-4d85-a2e0-d78364ff6c42",
            "owners": [],
            "preferred_single_sign_on_mode": "",
            "redirect_uris": [],
            "saml_metadata_url": "",
            "saml_single_sign_on": [
              {
                "relay_state": ""
              }
            ],
            "service_principal_names": [],
            "sign_in_audience": "AzureADMyOrg",
            "tags": [],
            "timeouts": null,
            "type": "Application",
            "use_existing": null
          },
          "sensitive_attributes": [],
          "private": "eyJlMmJmYjczMC1lY2FhLTExZTYtOGY4OC0zNDM2M2JjN2M0YzAiOnsiY3JlYXRlIjo2MDAwMDAwMDAwMDAsImRlbGV0ZSI6MzAwMDAwMDAwMDAwLCJyZWFkIjozMDAwMDAwMDAwMDAsInVwZGF0ZSI6NjAwMDAwMDAwMDAwfX0=",
          "dependencies": [
            "azuread_application.app_velero"
          ]
        }
      ]
    },
    {
      "mode": "managed",
      "type": "azuread_service_principal_password",
      "name": "kubecost",
      "provider": "provider[\"registry.terraform.io/hashicorp/azuread\"]",
      "instances": [
        {
          "schema_version": 1,
          "attributes": {
            "display_name": null,
            "end_date": "2024-06-18T08:20:02Z",
            "end_date_relative": null,
            "id": "7a056a7c-f485-4c41-8ddd-7593c7aa631f/password/ee2607ae-b295-4d68-a31e-73272b4a0f72",
            "key_id": "ee2607ae-b295-4d68-a31e-73272b4a0f72",
            "rotate_when_changed": null,
            "service_principal_id": "7a056a7c-f485-4c41-8ddd-7593c7aa631f",
            "start_date": "2022-06-18T08:20:02Z",
            "timeouts": null,
            "value": "yNd8Q~sx6EgBwtNfu3nRYdQe~_ZwscUfncBGmb3M"
          },
          "sensitive_attributes": [],
          "private": "eyJlMmJmYjczMC1lY2FhLTExZTYtOGY4OC0zNDM2M2JjN2M0YzAiOnsiY3JlYXRlIjozMDAwMDAwMDAwMDAsImRlbGV0ZSI6MzAwMDAwMDAwMDAwLCJyZWFkIjozMDAwMDAwMDAwMDAsInVwZGF0ZSI6MzAwMDAwMDAwMDAwfSwic2NoZW1hX3ZlcnNpb24iOiIxIn0=",
          "dependencies": [
            "azuread_application.kubecost",
            "azuread_service_principal.kubecost"
          ]
        }
      ]
    },
    {
      "mode": "managed",
      "type": "azuread_service_principal_password",
      "name": "password_spn_velero",
      "provider": "provider[\"registry.terraform.io/hashicorp/azuread\"]",
      "instances": [
        {
          "schema_version": 1,
          "attributes": {
            "display_name": null,
            "end_date": "2024-06-18T08:20:02Z",
            "end_date_relative": null,
            "id": "5a0bfc6f-c1fa-4d85-a2e0-d78364ff6c42/password/1842c014-9c31-4042-9ae8-3b6a27e527a1",
            "key_id": "1842c014-9c31-4042-9ae8-3b6a27e527a1",
            "rotate_when_changed": null,
            "service_principal_id": "5a0bfc6f-c1fa-4d85-a2e0-d78364ff6c42",
            "start_date": "2022-06-18T08:20:02Z",
            "timeouts": null,
            "value": "toi8Q~BBHW_XSzM1oq6mw.pmETEiGN8Iuw7L5a4g"
          },
          "sensitive_attributes": [],
          "private": "eyJlMmJmYjczMC1lY2FhLTExZTYtOGY4OC0zNDM2M2JjN2M0YzAiOnsiY3JlYXRlIjozMDAwMDAwMDAwMDAsImRlbGV0ZSI6MzAwMDAwMDAwMDAwLCJyZWFkIjozMDAwMDAwMDAwMDAsInVwZGF0ZSI6MzAwMDAwMDAwMDAwfSwic2NoZW1hX3ZlcnNpb24iOiIxIn0=",
          "dependencies": [
            "azuread_application.app_velero",
            "azuread_service_principal.spn_velero"
          ]
        }
      ]
    },
    {
      "mode": "managed",
      "type": "azurerm_application_gateway",
      "name": "appgw",
      "provider": "provider[\"registry.terraform.io/hashicorp/azurerm\"]",
      "instances": [
        {
          "schema_version": 0,
          "attributes": {
            "authentication_certificate": [],
            "autoscale_configuration": [],
            "backend_address_pool": [
              {
                "fqdns": [],
                "id": "/subscriptions/7b1f7584-2f78-4923-851d-04a91bb32a57/resourceGroups/rg-aks-cluster/providers/Microsoft.Network/applicationGateways/appgw-aks/backendAddressPools/defaultaddresspool",
                "ip_addresses": [],
                "name": "defaultaddresspool"
              }
            ],
            "backend_http_settings": [
              {
                "affinity_cookie_name": "",
                "authentication_certificate": [],
                "connection_draining": [],
                "cookie_based_affinity": "Disabled",
                "host_name": "",
                "id": "/subscriptions/7b1f7584-2f78-4923-851d-04a91bb32a57/resourceGroups/rg-aks-cluster/providers/Microsoft.Network/applicationGateways/appgw-aks/backendHttpSettingsCollection/defaulthttpsetting",
                "name": "defaulthttpsetting",
                "path": "",
                "pick_host_name_from_backend_address": false,
                "port": 80,
                "probe_id": "/subscriptions/7b1f7584-2f78-4923-851d-04a91bb32a57/resourceGroups/rg-aks-cluster/providers/Microsoft.Network/applicationGateways/appgw-aks/probes/defaultprobe-Http",
                "probe_name": "defaultprobe-Http",
                "protocol": "Http",
                "request_timeout": 30,
                "trusted_root_certificate_names": []
              }
            ],
            "custom_error_configuration": [],
            "enable_http2": false,
            "fips_enabled": false,
            "firewall_policy_id": null,
            "force_firewall_policy_association": false,
            "frontend_ip_configuration": [
              {
                "id": "/subscriptions/7b1f7584-2f78-4923-851d-04a91bb32a57/resourceGroups/rg-aks-cluster/providers/Microsoft.Network/applicationGateways/appgw-aks/frontendIPConfigurations/vnet-spoke-aks-feip",
                "name": "vnet-spoke-aks-feip",
                "private_ip_address": "",
                "private_ip_address_allocation": "Dynamic",
                "private_link_configuration_id": "",
                "private_link_configuration_name": "",
                "public_ip_address_id": "/subscriptions/7b1f7584-2f78-4923-851d-04a91bb32a57/resourceGroups/rg-aks-cluster/providers/Microsoft.Network/publicIPAddresses/publicIp-appgw",
                "subnet_id": ""
              }
            ],
            "frontend_port": [
              {
                "id": "/subscriptions/7b1f7584-2f78-4923-851d-04a91bb32a57/resourceGroups/rg-aks-cluster/providers/Microsoft.Network/applicationGateways/appgw-aks/frontendPorts/vnet-spoke-aks-feport",
                "name": "vnet-spoke-aks-feport",
                "port": 80
              }
            ],
            "gateway_ip_configuration": [
              {
                "id": "/subscriptions/7b1f7584-2f78-4923-851d-04a91bb32a57/resourceGroups/rg-aks-cluster/providers/Microsoft.Network/applicationGateways/appgw-aks/gatewayIPConfigurations/appGatewayIpConfig",
                "name": "appGatewayIpConfig",
                "subnet_id": "/subscriptions/7b1f7584-2f78-4923-851d-04a91bb32a57/resourceGroups/rg-aks-cluster/providers/Microsoft.Network/virtualNetworks/vnet-spoke-aks/subnets/subnet-appgw"
              }
            ],
            "http_listener": [
              {
                "custom_error_configuration": [],
                "firewall_policy_id": "",
                "frontend_ip_configuration_id": "/subscriptions/7b1f7584-2f78-4923-851d-04a91bb32a57/resourceGroups/rg-aks-cluster/providers/Microsoft.Network/applicationGateways/appgw-aks/frontendIPConfigurations/vnet-spoke-aks-feip",
                "frontend_ip_configuration_name": "vnet-spoke-aks-feip",
                "frontend_port_id": "/subscriptions/7b1f7584-2f78-4923-851d-04a91bb32a57/resourceGroups/rg-aks-cluster/providers/Microsoft.Network/applicationGateways/appgw-aks/frontendPorts/vnet-spoke-aks-feport",
                "frontend_port_name": "vnet-spoke-aks-feport",
                "host_name": "",
                "host_names": [],
                "id": "/subscriptions/7b1f7584-2f78-4923-851d-04a91bb32a57/resourceGroups/rg-aks-cluster/providers/Microsoft.Network/applicationGateways/appgw-aks/httpListeners/fl-e1903c8aa3446b7b3207aec6d6ecba8a",
                "name": "fl-e1903c8aa3446b7b3207aec6d6ecba8a",
                "protocol": "Http",
                "require_sni": false,
                "ssl_certificate_id": "",
                "ssl_certificate_name": "",
                "ssl_profile_id": "",
                "ssl_profile_name": ""
              }
            ],
            "id": "/subscriptions/7b1f7584-2f78-4923-851d-04a91bb32a57/resourceGroups/rg-aks-cluster/providers/Microsoft.Network/applicationGateways/appgw-aks",
            "identity": [],
            "location": "westeurope",
            "name": "appgw-aks",
            "private_endpoint_connection": [],
            "private_link_configuration": [],
            "probe": [
              {
                "host": "localhost",
                "id": "/subscriptions/7b1f7584-2f78-4923-851d-04a91bb32a57/resourceGroups/rg-aks-cluster/providers/Microsoft.Network/applicationGateways/appgw-aks/probes/defaultprobe-Http",
                "interval": 30,
                "match": [
                  {
                    "body": "",
                    "status_code": []
                  }
                ],
                "minimum_servers": 0,
                "name": "defaultprobe-Http",
                "path": "/",
                "pick_host_name_from_backend_http_settings": false,
                "port": 0,
                "protocol": "Http",
                "timeout": 30,
                "unhealthy_threshold": 3
              },
              {
                "host": "localhost",
                "id": "/subscriptions/7b1f7584-2f78-4923-851d-04a91bb32a57/resourceGroups/rg-aks-cluster/providers/Microsoft.Network/applicationGateways/appgw-aks/probes/defaultprobe-Https",
                "interval": 30,
                "match": [
                  {
                    "body": "",
                    "status_code": []
                  }
                ],
                "minimum_servers": 0,
                "name": "defaultprobe-Https",
                "path": "/",
                "pick_host_name_from_backend_http_settings": false,
                "port": 0,
                "protocol": "Https",
                "timeout": 30,
                "unhealthy_threshold": 3
              }
            ],
            "redirect_configuration": [],
            "request_routing_rule": [
              {
                "backend_address_pool_id": "/subscriptions/7b1f7584-2f78-4923-851d-04a91bb32a57/resourceGroups/rg-aks-cluster/providers/Microsoft.Network/applicationGateways/appgw-aks/backendAddressPools/defaultaddresspool",
                "backend_address_pool_name": "defaultaddresspool",
                "backend_http_settings_id": "/subscriptions/7b1f7584-2f78-4923-851d-04a91bb32a57/resourceGroups/rg-aks-cluster/providers/Microsoft.Network/applicationGateways/appgw-aks/backendHttpSettingsCollection/defaulthttpsetting",
                "backend_http_settings_name": "defaulthttpsetting",
                "http_listener_id": "/subscriptions/7b1f7584-2f78-4923-851d-04a91bb32a57/resourceGroups/rg-aks-cluster/providers/Microsoft.Network/applicationGateways/appgw-aks/httpListeners/fl-e1903c8aa3446b7b3207aec6d6ecba8a",
                "http_listener_name": "fl-e1903c8aa3446b7b3207aec6d6ecba8a",
                "id": "/subscriptions/7b1f7584-2f78-4923-851d-04a91bb32a57/resourceGroups/rg-aks-cluster/providers/Microsoft.Network/applicationGateways/appgw-aks/requestRoutingRules/rr-e1903c8aa3446b7b3207aec6d6ecba8a",
                "name": "rr-e1903c8aa3446b7b3207aec6d6ecba8a",
                "priority": 10010,
                "redirect_configuration_id": "",
                "redirect_configuration_name": "",
                "rewrite_rule_set_id": "",
                "rewrite_rule_set_name": "",
                "rule_type": "Basic",
                "url_path_map_id": "",
                "url_path_map_name": ""
              }
            ],
            "resource_group_name": "rg-aks-cluster",
            "rewrite_rule_set": [],
            "sku": [
              {
                "capacity": 2,
                "name": "Standard_v2",
                "tier": "Standard_v2"
              }
            ],
            "ssl_certificate": [],
            "ssl_policy": [
              {
                "cipher_suites": [],
                "disabled_protocols": [],
                "min_protocol_version": "",
                "policy_name": "AppGwSslPolicy20150501",
                "policy_type": "Predefined"
              }
            ],
            "ssl_profile": [],
            "tags": {
              "environment": "development",
              "managed-by-k8s-ingress": "1.5.1/0a4f032f/2022-04-09-18:05T+0000",
              "source": "terraform"
            },
            "timeouts": null,
            "trusted_client_certificate": [],
            "trusted_root_certificate": [],
            "url_path_map": [],
            "waf_configuration": [],
            "zones": []
          },
          "sensitive_attributes": [],
          "private": "eyJlMmJmYjczMC1lY2FhLTExZTYtOGY4OC0zNDM2M2JjN2M0YzAiOnsiY3JlYXRlIjo1NDAwMDAwMDAwMDAwLCJkZWxldGUiOjU0MDAwMDAwMDAwMDAsInJlYWQiOjMwMDAwMDAwMDAwMCwidXBkYXRlIjo1NDAwMDAwMDAwMDAwfX0=",
          "dependencies": [
            "azurerm_public_ip.pip",
            "azurerm_resource_group.rg",
            "azurerm_subnet.subnetappgw",
            "azurerm_virtual_network.vnet"
          ],
          "create_before_destroy": true
        }
      ]
    },
    {
      "mode": "managed",
      "type": "azurerm_container_registry",
      "name": "acr",
      "provider": "provider[\"registry.terraform.io/hashicorp/azurerm\"]",
      "instances": [
        {
          "schema_version": 2,
          "attributes": {
            "admin_enabled": false,
            "admin_password": "",
            "admin_username": "",
            "anonymous_pull_enabled": false,
            "data_endpoint_enabled": false,
            "encryption": [
              {
                "enabled": false,
                "identity_client_id": "",
                "key_vault_key_id": ""
              }
            ],
            "export_policy_enabled": true,
            "georeplications": [],
            "id": "/subscriptions/7b1f7584-2f78-4923-851d-04a91bb32a57/resourceGroups/rg-aks-cluster/providers/Microsoft.ContainerRegistry/registries/acrforakstf037",
            "identity": [],
            "location": "westeurope",
            "login_server": "acrforakstf037.azurecr.io",
            "name": "acrforakstf037",
            "network_rule_bypass_option": "AzureServices",
            "network_rule_set": [],
            "public_network_access_enabled": true,
            "quarantine_policy_enabled": false,
            "resource_group_name": "rg-aks-cluster",
            "retention_policy": [
              {
                "days": 7,
                "enabled": false
              }
            ],
            "sku": "Standard",
            "tags": {
              "environment": "development",
              "source": "terraform"
            },
            "timeouts": null,
            "trust_policy": [
              {
                "enabled": false
              }
            ],
            "zone_redundancy_enabled": false
          },
          "sensitive_attributes": [],
          "private": "eyJlMmJmYjczMC1lY2FhLTExZTYtOGY4OC0zNDM2M2JjN2M0YzAiOnsiY3JlYXRlIjoxODAwMDAwMDAwMDAwLCJkZWxldGUiOjE4MDAwMDAwMDAwMDAsInJlYWQiOjMwMDAwMDAwMDAwMCwidXBkYXRlIjoxODAwMDAwMDAwMDAwfSwic2NoZW1hX3ZlcnNpb24iOiIyIn0=",
          "dependencies": [
            "azurerm_resource_group.rg"
          ]
        }
      ]
    },
    {
      "mode": "managed",
      "type": "azurerm_key_vault",
      "name": "kv",
      "provider": "provider[\"registry.terraform.io/hashicorp/azurerm\"]",
      "instances": [
        {
          "schema_version": 2,
          "attributes": {
            "access_policy": [],
            "contact": [],
            "enable_rbac_authorization": true,
            "enabled_for_deployment": false,
            "enabled_for_disk_encryption": false,
            "enabled_for_template_deployment": false,
            "id": "/subscriptions/7b1f7584-2f78-4923-851d-04a91bb32a57/resourceGroups/rg-aks-cluster/providers/Microsoft.KeyVault/vaults/kvforaks087",
            "location": "westeurope",
            "name": "kvforaks087",
            "network_acls": [
              {
                "bypass": "AzureServices",
                "default_action": "Allow",
                "ip_rules": [],
                "virtual_network_subnet_ids": []
              }
            ],
            "purge_protection_enabled": false,
            "resource_group_name": "rg-aks-cluster",
            "sku_name": "standard",
            "soft_delete_retention_days": 7,
            "tags": {
              "environment": "development",
              "source": "terraform"
            },
            "tenant_id": "558506eb-9459-4ef3-b920-ad55c555e729",
            "timeouts": null,
            "vault_uri": "https://kvforaks087.vault.azure.net/"
          },
          "sensitive_attributes": [],
          "private": "eyJlMmJmYjczMC1lY2FhLTExZTYtOGY4OC0zNDM2M2JjN2M0YzAiOnsiY3JlYXRlIjoxODAwMDAwMDAwMDAwLCJkZWxldGUiOjE4MDAwMDAwMDAwMDAsInJlYWQiOjMwMDAwMDAwMDAwMCwidXBkYXRlIjoxODAwMDAwMDAwMDAwfSwic2NoZW1hX3ZlcnNpb24iOiIyIn0=",
          "dependencies": [
            "azurerm_resource_group.rg",
            "data.azurerm_client_config.current"
          ]
        }
      ]
    },
    {
      "mode": "managed",
      "type": "azurerm_key_vault_secret",
      "name": "secret",
      "provider": "provider[\"registry.terraform.io/hashicorp/azurerm\"]",
      "instances": [
        {
          "schema_version": 0,
          "attributes": {
            "content_type": "",
            "expiration_date": null,
            "id": "https://kvforaks087.vault.azure.net/secrets/database-password/857d44abcc60401aab2b1f981ab127ce",
            "key_vault_id": "/subscriptions/7b1f7584-2f78-4923-851d-04a91bb32a57/resourceGroups/rg-aks-cluster/providers/Microsoft.KeyVault/vaults/kvforaks087",
            "name": "database-password",
            "not_before_date": null,
            "tags": {
              "environment": "development",
              "source": "terraform"
            },
            "timeouts": null,
            "value": "@Aa123456789",
            "version": "857d44abcc60401aab2b1f981ab127ce",
            "versionless_id": "https://kvforaks087.vault.azure.net/secrets/database-password"
          },
          "sensitive_attributes": [],
          "private": "eyJlMmJmYjczMC1lY2FhLTExZTYtOGY4OC0zNDM2M2JjN2M0YzAiOnsiY3JlYXRlIjoxODAwMDAwMDAwMDAwLCJkZWxldGUiOjE4MDAwMDAwMDAwMDAsInJlYWQiOjMwMDAwMDAwMDAwMCwidXBkYXRlIjoxODAwMDAwMDAwMDAwfX0=",
          "dependencies": [
            "azurerm_key_vault.kv",
            "azurerm_resource_group.rg",
            "azurerm_role_assignment.role-secret-officer",
            "data.azurerm_client_config.current"
          ]
        }
      ]
    },
    {
      "mode": "managed",
      "type": "azurerm_kubernetes_cluster",
      "name": "aks",
      "provider": "provider[\"registry.terraform.io/hashicorp/azurerm\"]",
      "instances": [
        {
          "schema_version": 2,
          "attributes": {
            "aci_connector_linux": [],
            "api_server_authorized_ip_ranges": [
              "0.0.0.0/0"
            ],
            "auto_scaler_profile": [
              {
                "balance_similar_node_groups": false,
                "empty_bulk_delete_max": "10",
                "expander": "random",
                "max_graceful_termination_sec": "600",
                "max_node_provisioning_time": "15m",
                "max_unready_nodes": 3,
                "max_unready_percentage": 45,
                "new_pod_scale_up_delay": "0s",
                "scale_down_delay_after_add": "10m",
                "scale_down_delay_after_delete": "10s",
                "scale_down_delay_after_failure": "3m",
                "scale_down_unneeded": "10m",
                "scale_down_unready": "20m",
                "scale_down_utilization_threshold": "0.5",
                "scan_interval": "10s",
                "skip_nodes_with_local_storage": false,
                "skip_nodes_with_system_pods": true
              }
            ],
            "automatic_channel_upgrade": "",
            "azure_active_directory_role_based_access_control": [
              {
                "admin_group_object_ids": [
                  "d538a926-9bf1-4eda-a916-287c1d58ccc3"
                ],
                "azure_rbac_enabled": true,
                "client_app_id": "",
                "managed": true,
                "server_app_id": "",
                "server_app_secret": "",
                "tenant_id": "558506eb-9459-4ef3-b920-ad55c555e729"
              }
            ],
            "azure_policy_enabled": true,
            "default_node_pool": [
              {
                "enable_auto_scaling": true,
                "enable_host_encryption": false,
                "enable_node_public_ip": false,
                "fips_enabled": false,
                "kubelet_config": [],
                "kubelet_disk_type": "OS",
                "linux_os_config": [],
                "max_count": 3,
                "max_pods": 110,
                "min_count": 1,
                "name": "poolsystem",
                "node_count": 2,
                "node_labels": {},
                "node_public_ip_prefix_id": "",
                "node_taints": [],
                "only_critical_addons_enabled": true,
                "orchestrator_version": "1.23.5",
                "os_disk_size_gb": 40,
                "os_disk_type": "Ephemeral",
                "os_sku": "Ubuntu",
                "pod_subnet_id": "/subscriptions/7b1f7584-2f78-4923-851d-04a91bb32a57/resourceGroups/rg-aks-cluster/providers/Microsoft.Network/virtualNetworks/vnet-spoke-aks/subnets/subnet-aks-pods",
                "proximity_placement_group_id": "",
                "tags": {
                  "environment": "development",
                  "source": "terraform"
                },
                "type": "VirtualMachineScaleSets",
                "ultra_ssd_enabled": false,
                "upgrade_settings": [],
                "vm_size": "Standard_D2ds_v5",
                "vnet_subnet_id": "/subscriptions/7b1f7584-2f78-4923-851d-04a91bb32a57/resourceGroups/rg-aks-cluster/providers/Microsoft.Network/virtualNetworks/vnet-spoke-aks/subnets/subnet-aks-nodes",
                "zones": [
                  "1",
                  "2",
                  "3"
                ]
              }
            ],
            "disk_encryption_set_id": "",
            "dns_prefix": "aks",
            "dns_prefix_private_cluster": "",
            "enable_pod_security_policy": false,
            "fqdn": "aks-ca14b6d0.hcp.westeurope.azmk8s.io",
            "http_application_routing_enabled": false,
            "http_application_routing_zone_name": "",
            "http_proxy_config": [],
            "id": "/subscriptions/7b1f7584-2f78-4923-851d-04a91bb32a57/resourceGroups/rg-aks-cluster/providers/Microsoft.ContainerService/managedClusters/aks-cluster",
            "identity": [
              {
                "identity_ids": [
                  "/subscriptions/7b1f7584-2f78-4923-851d-04a91bb32a57/resourceGroups/rg-aks-cluster/providers/Microsoft.ManagedIdentity/userAssignedIdentities/identity-aks"
                ],
                "principal_id": "",
                "tenant_id": "",
                "type": "UserAssigned"
              }
            ],
            "ingress_application_gateway": [
              {
                "effective_gateway_id": "/subscriptions/7b1f7584-2f78-4923-851d-04a91bb32a57/resourceGroups/rg-aks-cluster/providers/Microsoft.Network/applicationGateways/appgw-aks",
                "gateway_id": "/subscriptions/7b1f7584-2f78-4923-851d-04a91bb32a57/resourceGroups/rg-aks-cluster/providers/Microsoft.Network/applicationGateways/appgw-aks",
                "gateway_name": "",
                "ingress_application_gateway_identity": [
                  {
                    "client_id": "5590a3f7-d675-4e99-a80b-1a19928bfc03",
                    "object_id": "54ac4bf9-ae79-4903-93ba-9220254da55d",
                    "user_assigned_identity_id": "/subscriptions/7b1f7584-2f78-4923-851d-04a91bb32a57/resourcegroups/rg-aks-cluster-managed/providers/Microsoft.ManagedIdentity/userAssignedIdentities/ingressapplicationgateway-aks-cluster"
                  }
                ],
                "subnet_cidr": "",
                "subnet_id": ""
              }
            ],
            "key_vault_secrets_provider": [
              {
                "secret_identity": [
                  {
                    "client_id": "73684aef-92ee-45a2-9a17-435402afeaa7",
                    "object_id": "c0629661-a5e6-4f3d-b02a-6b2d3fa01fe8",
                    "user_assigned_identity_id": "/subscriptions/7b1f7584-2f78-4923-851d-04a91bb32a57/resourcegroups/rg-aks-cluster-managed/providers/Microsoft.ManagedIdentity/userAssignedIdentities/azurekeyvaultsecretsprovider-aks-cluster"
                  }
                ],
                "secret_rotation_enabled": true,
                "secret_rotation_interval": "2m"
              }
            ],
            "kube_admin_config": [],
            "kube_admin_config_raw": "",
            "kube_config": [
              {
                "client_certificate": "",
                "client_key": "",
                "cluster_ca_certificate": "LS0tLS1CRUdJTiBDRVJUSUZJQ0FURS0tLS0tCk1JSUU2RENDQXRDZ0F3SUJBZ0lRQlZXckxhcnJ6eGs4ZlplZHd1TE1rakFOQmdrcWhraUc5dzBCQVFzRkFEQU4KTVFzd0NRWURWUVFERXdKallUQWdGdzB5TWpBMk1UZ3dPVEU1TXpSYUdBOHlNRFV5TURZeE9EQTVNamt6TkZvdwpEVEVMTUFrR0ExVUVBeE1DWTJFd2dnSWlNQTBHQ1NxR1NJYjNEUUVCQVFVQUE0SUNEd0F3Z2dJS0FvSUNBUURZCldQb0RERWtpSVVxUjI0a2pLdVE2YVl3ZUpVM0o2Q21zd2xQMkZDcHV6ZGtOSXZjZTJIdk9xT01ESGpzZmU5WVUKaWRsQWx4M2hMV3kyRTZvclNKZ1NkS1VEMnd4cWtKcHI0TS9ieTN3Z0tUQkRUUEIxNGlOTHdMU3JDWkdLVURYMwplVlliRWc1TmZ4aGJjdEtacUpvdko4M29pWGpkVlBxbUxaamhwUDIrOUNCaGNsZ1JJNDdxMDhLdXVFOHRCZHNHCmFXY3JydmFQTXNQLzFhWHNzbEhQTDZyTk9vZlFnUjJTUEpBcDgzaE9uc050aklmNU1LK1VCeUNKMG93UDVja24KVm5VclNzYzA2bkplUFlWc1ljMVVKeGwwSHQzbW5LOXpva2ozMkdZTk1HdzdVMUtaMUdNenE3bmR2L0J2WGcvegptbXZUOVNVRDBrdGZ3dDAwRjlKWDNMTHpYNittU3QyN3BtRFVOVmR2US8xTWE4S2gxeXBWV1l1SWs1ZVRvcVFRClh6YWgxcTQwbW5hdFJjem9Kbk0yLzdQaGs5alRGbG03ajBHT0p0UVBuc1c0Q3NRS0tkcTdDSHZUNW1NbnBHNUIKWUhEek1KQUl4elBnUXpmbzNzQmVjQVNXZDlJYUM5a1pnbzhGbFdYU2c3QXFsYlBXclBFdW1mb3FFb1M0NFpoawpVSGJxTmlmcm84ZEs2RU5BN3NCdEdrbjgxSi84UWQ1YVkxaHRDLzJiYTVza1JRY3czYTQ0RnZtaGxreEttOW05CmVzdlhOLzVtVnc0RTJYanpJL0pPb0JKcjFFd1Y1K3Ixb29SQlFBa2JVajVYcTFFMGdJRHJTS1FuVFBFRXFvaW4KV0E4clZMdXNsMDEyY2owUEdaOEdramZQRmFERnBmMEJQK2dqWEVRUit3SURBUUFCbzBJd1FEQU9CZ05WSFE4QgpBZjhFQkFNQ0FxUXdEd1lEVlIwVEFRSC9CQVV3QXdFQi96QWRCZ05WSFE0RUZnUVV2ZUxrTkw4bHhYWFY0RE9ZCm85c1pGM0VaRHNBd0RRWUpLb1pJaHZjTkFRRUxCUUFEZ2dJQkFGM2VBdXpYaTlyRWxzVE4vSC9WVks3MlRyaUEKT1dBUXB0dnMxSXlrb2lFUDBXazUyY0lkM3pxTXg3ckVheUJhMGlhdENHM202TnRkeDZNYUZjQWxxQjJQMGlPagpsSTkwZ2tyMDRjOVRST0cyakNnbkt1YkJWcWhqL3JmaGtXRlg0Vm9Id2Z2WktCaDdlVGJmNUZMOHlWM0lmNHhjClBuQWltVTY0VGZabTAzblVZMGVKcDRCUTZCd0djdnVRS0J4dG5DcTl6M1B3MG0zVlcyYkI4cUV3d3FTdDF1SWgKM211WGh5TVNNWkpxWWZZM0VrNlZ2eTBvcWJOTXh6d1RTY2N6MVI2eCtxbTA2cVdjUTUveHBMVFBXanlDeGNBVApNelNQL09RanRYdm9ZK1BIOXBNTUJuVmlsRWp1cW5ZNjNRNHk3UkpRdHFLaStBY211Mjg4SHNUUittelJaU3J5Ck9oZVF5dGlhQ0Fubi8rV21aZmxCcU5LMll3d043TERVa0ErUWE1c01ldGgrNUdnWUxzSm5zK1pRNkl2VXBMQ2oKSWFjMW9KSDEwdnc1K2xJMGE0eU1xV0tQRmJvYk4wR0NVTExXb2xEWUZkcHpXYlF2Q1BXVG45a25mZWlkZmR0cAp5U3VlSWtKelEyZmZqb3pOdTdwSVYvR3RXNGE1cHRrb2xhc3Y5aTFhSVFDbFd4TWE3dGc4RTUzS0xBa2pzRVRZCmE3TXA5eS9xNUllb0F3a1J3clFZNkhmRUpaMlhoNm1lSFBCR2I3NnBxbFNVdVQvMGJtMklBeWxVK3dMOGF6UDkKRWhpY1FtaDNNV21JZXgrN0M0bjhNeSt5VEhZeEZWclN5VVVyTjNHOGYxUmNwbHdjb2Jpd0RsUjQ3dHRVL2x2ZQpNQy9RSnAvVU5hd1docUZvCi0tLS0tRU5EIENFUlRJRklDQVRFLS0tLS0K",
                "host": "https://aks-ca14b6d0.hcp.westeurope.azmk8s.io:443",
                "password": "",
                "username": "clusterUser_rg-aks-cluster_aks-cluster"
              }
            ],
            "kube_config_raw": "apiVersion: v1\nclusters:\n- cluster:\n    certificate-authority-data: LS0tLS1CRUdJTiBDRVJUSUZJQ0FURS0tLS0tCk1JSUU2RENDQXRDZ0F3SUJBZ0lRQlZXckxhcnJ6eGs4ZlplZHd1TE1rakFOQmdrcWhraUc5dzBCQVFzRkFEQU4KTVFzd0NRWURWUVFERXdKallUQWdGdzB5TWpBMk1UZ3dPVEU1TXpSYUdBOHlNRFV5TURZeE9EQTVNamt6TkZvdwpEVEVMTUFrR0ExVUVBeE1DWTJFd2dnSWlNQTBHQ1NxR1NJYjNEUUVCQVFVQUE0SUNEd0F3Z2dJS0FvSUNBUURZCldQb0RERWtpSVVxUjI0a2pLdVE2YVl3ZUpVM0o2Q21zd2xQMkZDcHV6ZGtOSXZjZTJIdk9xT01ESGpzZmU5WVUKaWRsQWx4M2hMV3kyRTZvclNKZ1NkS1VEMnd4cWtKcHI0TS9ieTN3Z0tUQkRUUEIxNGlOTHdMU3JDWkdLVURYMwplVlliRWc1TmZ4aGJjdEtacUpvdko4M29pWGpkVlBxbUxaamhwUDIrOUNCaGNsZ1JJNDdxMDhLdXVFOHRCZHNHCmFXY3JydmFQTXNQLzFhWHNzbEhQTDZyTk9vZlFnUjJTUEpBcDgzaE9uc050aklmNU1LK1VCeUNKMG93UDVja24KVm5VclNzYzA2bkplUFlWc1ljMVVKeGwwSHQzbW5LOXpva2ozMkdZTk1HdzdVMUtaMUdNenE3bmR2L0J2WGcvegptbXZUOVNVRDBrdGZ3dDAwRjlKWDNMTHpYNittU3QyN3BtRFVOVmR2US8xTWE4S2gxeXBWV1l1SWs1ZVRvcVFRClh6YWgxcTQwbW5hdFJjem9Kbk0yLzdQaGs5alRGbG03ajBHT0p0UVBuc1c0Q3NRS0tkcTdDSHZUNW1NbnBHNUIKWUhEek1KQUl4elBnUXpmbzNzQmVjQVNXZDlJYUM5a1pnbzhGbFdYU2c3QXFsYlBXclBFdW1mb3FFb1M0NFpoawpVSGJxTmlmcm84ZEs2RU5BN3NCdEdrbjgxSi84UWQ1YVkxaHRDLzJiYTVza1JRY3czYTQ0RnZtaGxreEttOW05CmVzdlhOLzVtVnc0RTJYanpJL0pPb0JKcjFFd1Y1K3Ixb29SQlFBa2JVajVYcTFFMGdJRHJTS1FuVFBFRXFvaW4KV0E4clZMdXNsMDEyY2owUEdaOEdramZQRmFERnBmMEJQK2dqWEVRUit3SURBUUFCbzBJd1FEQU9CZ05WSFE4QgpBZjhFQkFNQ0FxUXdEd1lEVlIwVEFRSC9CQVV3QXdFQi96QWRCZ05WSFE0RUZnUVV2ZUxrTkw4bHhYWFY0RE9ZCm85c1pGM0VaRHNBd0RRWUpLb1pJaHZjTkFRRUxCUUFEZ2dJQkFGM2VBdXpYaTlyRWxzVE4vSC9WVks3MlRyaUEKT1dBUXB0dnMxSXlrb2lFUDBXazUyY0lkM3pxTXg3ckVheUJhMGlhdENHM202TnRkeDZNYUZjQWxxQjJQMGlPagpsSTkwZ2tyMDRjOVRST0cyakNnbkt1YkJWcWhqL3JmaGtXRlg0Vm9Id2Z2WktCaDdlVGJmNUZMOHlWM0lmNHhjClBuQWltVTY0VGZabTAzblVZMGVKcDRCUTZCd0djdnVRS0J4dG5DcTl6M1B3MG0zVlcyYkI4cUV3d3FTdDF1SWgKM211WGh5TVNNWkpxWWZZM0VrNlZ2eTBvcWJOTXh6d1RTY2N6MVI2eCtxbTA2cVdjUTUveHBMVFBXanlDeGNBVApNelNQL09RanRYdm9ZK1BIOXBNTUJuVmlsRWp1cW5ZNjNRNHk3UkpRdHFLaStBY211Mjg4SHNUUittelJaU3J5Ck9oZVF5dGlhQ0Fubi8rV21aZmxCcU5LMll3d043TERVa0ErUWE1c01ldGgrNUdnWUxzSm5zK1pRNkl2VXBMQ2oKSWFjMW9KSDEwdnc1K2xJMGE0eU1xV0tQRmJvYk4wR0NVTExXb2xEWUZkcHpXYlF2Q1BXVG45a25mZWlkZmR0cAp5U3VlSWtKelEyZmZqb3pOdTdwSVYvR3RXNGE1cHRrb2xhc3Y5aTFhSVFDbFd4TWE3dGc4RTUzS0xBa2pzRVRZCmE3TXA5eS9xNUllb0F3a1J3clFZNkhmRUpaMlhoNm1lSFBCR2I3NnBxbFNVdVQvMGJtMklBeWxVK3dMOGF6UDkKRWhpY1FtaDNNV21JZXgrN0M0bjhNeSt5VEhZeEZWclN5VVVyTjNHOGYxUmNwbHdjb2Jpd0RsUjQ3dHRVL2x2ZQpNQy9RSnAvVU5hd1docUZvCi0tLS0tRU5EIENFUlRJRklDQVRFLS0tLS0K\n    server: https://aks-ca14b6d0.hcp.westeurope.azmk8s.io:443\n  name: aks-cluster\ncontexts:\n- context:\n    cluster: aks-cluster\n    user: clusterUser_rg-aks-cluster_aks-cluster\n  name: aks-cluster\ncurrent-context: aks-cluster\nkind: Config\npreferences: {}\nusers:\n- name: clusterUser_rg-aks-cluster_aks-cluster\n  user:\n    auth-provider:\n      config:\n        apiserver-id: 6dae42f8-4368-4678-94ff-3960e28e3630\n        client-id: 80faf920-1908-4b52-b5ef-a8e7bedfc67a\n        config-mode: \"1\"\n        environment: AzurePublicCloud\n        tenant-id: 558506eb-9459-4ef3-b920-ad55c555e729\n      name: azure\n",
            "kubelet_identity": [
              {
                "client_id": "86b4c73c-edc4-4d2f-9e47-88332277aa4f",
                "object_id": "475d3ba8-6634-45b7-90dc-4a2b07304da6",
                "user_assigned_identity_id": "/subscriptions/7b1f7584-2f78-4923-851d-04a91bb32a57/resourceGroups/rg-aks-cluster/providers/Microsoft.ManagedIdentity/userAssignedIdentities/aks-cluster-agentpool"
              }
            ],
            "kubernetes_version": "1.23.5",
            "linux_profile": [],
            "local_account_disabled": true,
            "location": "westeurope",
            "maintenance_window": [
              {
                "allowed": [
                  {
                    "day": "Saturday",
                    "hours": [
                      2,
                      8
                    ]
                  }
                ],
                "not_allowed": []
              }
            ],
            "microsoft_defender": [],
            "name": "aks-cluster",
            "network_profile": [
              {
                "dns_service_ip": "10.0.0.10",
                "docker_bridge_cidr": "172.17.0.1/16",
                "ip_versions": [
                  "IPv4"
                ],
                "load_balancer_profile": [
                  {
                    "effective_outbound_ips": [
                      "/subscriptions/7b1f7584-2f78-4923-851d-04a91bb32a57/resourceGroups/rg-aks-cluster-managed/providers/Microsoft.Network/publicIPAddresses/81c64eae-0cbb-43fd-ad80-6753c6406ec7"
                    ],
                    "idle_timeout_in_minutes": 0,
                    "managed_outbound_ip_count": 1,
                    "outbound_ip_address_ids": [],
                    "outbound_ip_prefix_ids": [],
                    "outbound_ports_allocated": 0
                  }
                ],
                "load_balancer_sku": "standard",
                "nat_gateway_profile": [],
                "network_mode": "",
                "network_plugin": "azure",
                "network_policy": "calico",
                "outbound_type": "loadBalancer",
                "pod_cidr": "",
                "service_cidr": "10.0.0.0/16"
              }
            ],
            "node_resource_group": "rg-aks-cluster-managed",
            "oidc_issuer_enabled": true,
            "oidc_issuer_url": "https://oidc.prod-aks.azure.com/e4066efb-2c77-45c2-bfba-e71c6c0fb149/",
            "oms_agent": [],
            "open_service_mesh_enabled": true,
            "portal_fqdn": "aks-ca14b6d0.portal.hcp.westeurope.azmk8s.io",
            "private_cluster_enabled": false,
            "private_cluster_public_fqdn_enabled": false,
            "private_dns_zone_id": "",
            "private_fqdn": "",
            "public_network_access_enabled": true,
            "resource_group_name": "rg-aks-cluster",
            "role_based_access_control_enabled": true,
            "run_command_enabled": true,
            "service_principal": [],
            "sku_tier": "Free",
            "tags": {
              "environment": "development",
              "source": "terraform"
            },
            "timeouts": null,
            "windows_profile": [
              {
                "admin_password": "",
                "admin_username": "azureuser",
                "license": ""
              }
            ]
          },
          "sensitive_attributes": [],
          "private": "eyJlMmJmYjczMC1lY2FhLTExZTYtOGY4OC0zNDM2M2JjN2M0YzAiOnsiY3JlYXRlIjo1NDAwMDAwMDAwMDAwLCJkZWxldGUiOjU0MDAwMDAwMDAwMDAsInJlYWQiOjMwMDAwMDAwMDAwMCwidXBkYXRlIjo1NDAwMDAwMDAwMDAwfSwic2NoZW1hX3ZlcnNpb24iOiIyIn0=",
          "dependencies": [
            "azuread_application.app_velero",
            "azuread_group.aks_admins",
            "azuread_service_principal.spn_velero",
            "azurerm_application_gateway.appgw",
            "azurerm_public_ip.pip",
            "azurerm_resource_group.rg",
            "azurerm_subnet.subnetappgw",
            "azurerm_subnet.subnetnodes",
            "azurerm_subnet.subnetpods",
            "azurerm_user_assigned_identity.identity-aks",
            "azurerm_user_assigned_identity.identity-kubelet",
            "azurerm_virtual_network.vnet",
            "data.azuread_client_config.current",
            "data.azurerm_subscription.current"
          ]
        }
      ]
    },
    {
      "mode": "managed",
      "type": "azurerm_kubernetes_cluster_node_pool",
      "name": "appspool",
      "provider": "provider[\"registry.terraform.io/hashicorp/azurerm\"]",
      "instances": [
        {
          "schema_version": 1,
          "attributes": {
            "enable_auto_scaling": true,
            "enable_host_encryption": false,
            "enable_node_public_ip": false,
            "eviction_policy": "",
            "fips_enabled": false,
            "id": "/subscriptions/7b1f7584-2f78-4923-851d-04a91bb32a57/resourceGroups/rg-aks-cluster/providers/Microsoft.ContainerService/managedClusters/aks-cluster/agentPools/poolapps",
            "kubelet_config": [],
            "kubelet_disk_type": "OS",
            "kubernetes_cluster_id": "/subscriptions/7b1f7584-2f78-4923-851d-04a91bb32a57/resourceGroups/rg-aks-cluster/providers/Microsoft.ContainerService/managedClusters/aks-cluster",
            "linux_os_config": [],
            "max_count": 5,
            "max_pods": 110,
            "min_count": 1,
            "mode": "User",
            "name": "poolapps",
            "node_count": 3,
            "node_labels": {},
            "node_public_ip_prefix_id": "",
            "node_taints": [],
            "orchestrator_version": "1.23.5",
            "os_disk_size_gb": 60,
            "os_disk_type": "Ephemeral",
            "os_sku": "Ubuntu",
            "os_type": "Linux",
            "pod_subnet_id": "/subscriptions/7b1f7584-2f78-4923-851d-04a91bb32a57/resourceGroups/rg-aks-cluster/providers/Microsoft.Network/virtualNetworks/vnet-spoke-aks/subnets/subnet-aks-pods",
            "priority": "Regular",
            "proximity_placement_group_id": "",
            "scale_down_mode": "Delete",
            "spot_max_price": -1,
            "tags": {
              "environment": "development",
              "source": "terraform"
            },
            "timeouts": null,
            "ultra_ssd_enabled": false,
            "upgrade_settings": [
              {
                "max_surge": "3"
              }
            ],
            "vm_size": "Standard_D2ds_v5",
            "vnet_subnet_id": "/subscriptions/7b1f7584-2f78-4923-851d-04a91bb32a57/resourceGroups/rg-aks-cluster/providers/Microsoft.Network/virtualNetworks/vnet-spoke-aks/subnets/subnet-aks-nodes",
            "workload_runtime": "",
            "zones": [
              "1",
              "2",
              "3"
            ]
          },
          "sensitive_attributes": [],
          "private": "eyJlMmJmYjczMC1lY2FhLTExZTYtOGY4OC0zNDM2M2JjN2M0YzAiOnsiY3JlYXRlIjozNjAwMDAwMDAwMDAwLCJkZWxldGUiOjM2MDAwMDAwMDAwMDAsInJlYWQiOjMwMDAwMDAwMDAwMCwidXBkYXRlIjozNjAwMDAwMDAwMDAwfSwic2NoZW1hX3ZlcnNpb24iOiIxIn0=",
          "dependencies": [
            "azuread_application.app_velero",
            "azuread_group.aks_admins",
            "azuread_service_principal.spn_velero",
            "azurerm_application_gateway.appgw",
            "azurerm_kubernetes_cluster.aks",
            "azurerm_public_ip.pip",
            "azurerm_resource_group.rg",
            "azurerm_subnet.subnetappgw",
            "azurerm_subnet.subnetnodes",
            "azurerm_subnet.subnetpods",
            "azurerm_user_assigned_identity.identity-aks",
            "azurerm_user_assigned_identity.identity-kubelet",
            "azurerm_virtual_network.vnet",
            "data.azuread_client_config.current",
            "data.azurerm_subscription.current"
          ]
        }
      ]
    },
    {
      "mode": "managed",
      "type": "azurerm_public_ip",
      "name": "pip",
      "provider": "provider[\"registry.terraform.io/hashicorp/azurerm\"]",
      "instances": [
        {
          "schema_version": 0,
          "attributes": {
            "allocation_method": "Static",
            "domain_name_label": null,
            "edge_zone": "",
            "fqdn": null,
            "id": "/subscriptions/7b1f7584-2f78-4923-851d-04a91bb32a57/resourceGroups/rg-aks-cluster/providers/Microsoft.Network/publicIPAddresses/publicIp-appgw",
            "idle_timeout_in_minutes": 4,
            "ip_address": "13.93.119.217",
            "ip_tags": {},
            "ip_version": "IPv4",
            "location": "westeurope",
            "name": "publicIp-appgw",
            "public_ip_prefix_id": null,
            "resource_group_name": "rg-aks-cluster",
            "reverse_fqdn": null,
            "sku": "Standard",
            "sku_tier": "Regional",
            "tags": {
              "environment": "development",
              "source": "terraform"
            },
            "timeouts": null,
            "zones": []
          },
          "sensitive_attributes": [],
          "private": "eyJlMmJmYjczMC1lY2FhLTExZTYtOGY4OC0zNDM2M2JjN2M0YzAiOnsiY3JlYXRlIjoxODAwMDAwMDAwMDAwLCJkZWxldGUiOjE4MDAwMDAwMDAwMDAsInJlYWQiOjMwMDAwMDAwMDAwMCwidXBkYXRlIjoxODAwMDAwMDAwMDAwfX0=",
          "dependencies": [
            "azurerm_resource_group.rg"
          ],
          "create_before_destroy": true
        }
      ]
    },
    {
      "mode": "managed",
      "type": "azurerm_resource_group",
      "name": "aks_backups",
      "provider": "provider[\"registry.terraform.io/hashicorp/azurerm\"]",
      "instances": [
        {
          "schema_version": 0,
          "attributes": {
            "id": "/subscriptions/7b1f7584-2f78-4923-851d-04a91bb32a57/resourceGroups/rg-aks-cluster-backups",
            "location": "northeurope",
            "name": "rg-aks-cluster-backups",
            "tags": {
              "environment": "development",
              "source": "terraform"
            },
            "timeouts": null
          },
          "sensitive_attributes": [],
          "private": "eyJlMmJmYjczMC1lY2FhLTExZTYtOGY4OC0zNDM2M2JjN2M0YzAiOnsiY3JlYXRlIjo1NDAwMDAwMDAwMDAwLCJkZWxldGUiOjU0MDAwMDAwMDAwMDAsInJlYWQiOjMwMDAwMDAwMDAwMCwidXBkYXRlIjo1NDAwMDAwMDAwMDAwfX0="
        }
      ]
    },
    {
      "mode": "managed",
      "type": "azurerm_resource_group",
      "name": "rg",
      "provider": "provider[\"registry.terraform.io/hashicorp/azurerm\"]",
      "instances": [
        {
          "schema_version": 0,
          "attributes": {
            "id": "/subscriptions/7b1f7584-2f78-4923-851d-04a91bb32a57/resourceGroups/rg-aks-cluster",
            "location": "westeurope",
            "name": "rg-aks-cluster",
            "tags": {},
            "timeouts": null
          },
          "sensitive_attributes": [],
          "private": "eyJlMmJmYjczMC1lY2FhLTExZTYtOGY4OC0zNDM2M2JjN2M0YzAiOnsiY3JlYXRlIjo1NDAwMDAwMDAwMDAwLCJkZWxldGUiOjU0MDAwMDAwMDAwMDAsInJlYWQiOjMwMDAwMDAwMDAwMCwidXBkYXRlIjo1NDAwMDAwMDAwMDAwfX0=",
          "create_before_destroy": true
        }
      ]
    },
    {
      "mode": "managed",
      "type": "azurerm_role_assignment",
      "name": "aks_mi_contributor_aks_rg",
      "provider": "provider[\"registry.terraform.io/hashicorp/azurerm\"]",
      "instances": [
        {
          "schema_version": 0,
          "attributes": {
            "condition": "",
            "condition_version": "",
            "delegated_managed_identity_resource_id": "",
            "description": "",
            "id": "/subscriptions/7b1f7584-2f78-4923-851d-04a91bb32a57/resourceGroups/rg-aks-cluster/providers/Microsoft.Authorization/roleAssignments/b1d0c7f6-d737-aa73-c0bc-6a136bcccd48",
            "name": "b1d0c7f6-d737-aa73-c0bc-6a136bcccd48",
            "principal_id": "ea5d78c9-1d31-48f5-b5e0-e5841489ee88",
            "principal_type": "ServicePrincipal",
            "role_definition_id": "/subscriptions/7b1f7584-2f78-4923-851d-04a91bb32a57/providers/Microsoft.Authorization/roleDefinitions/b24988ac-6180-42a0-ab88-20f7382dd24c",
            "role_definition_name": "Contributor",
            "scope": "/subscriptions/7b1f7584-2f78-4923-851d-04a91bb32a57/resourceGroups/rg-aks-cluster",
            "skip_service_principal_aad_check": true,
            "timeouts": null
          },
          "sensitive_attributes": [],
          "private": "eyJlMmJmYjczMC1lY2FhLTExZTYtOGY4OC0zNDM2M2JjN2M0YzAiOnsiY3JlYXRlIjoxODAwMDAwMDAwMDAwLCJkZWxldGUiOjE4MDAwMDAwMDAwMDAsInJlYWQiOjMwMDAwMDAwMDAwMCwidXBkYXRlIjoxODAwMDAwMDAwMDAwfX0=",
          "dependencies": [
            "azurerm_resource_group.rg",
            "azurerm_user_assigned_identity.identity-aks"
          ]
        }
      ]
    },
    {
      "mode": "managed",
      "type": "azurerm_role_assignment",
      "name": "aks_mi_network_contributor",
      "provider": "provider[\"registry.terraform.io/hashicorp/azurerm\"]",
      "instances": [
        {
          "schema_version": 0,
          "attributes": {
            "condition": "",
            "condition_version": "",
            "delegated_managed_identity_resource_id": "",
            "description": "",
            "id": "/subscriptions/7b1f7584-2f78-4923-851d-04a91bb32a57/resourceGroups/rg-aks-cluster/providers/Microsoft.Network/virtualNetworks/vnet-spoke-aks/providers/Microsoft.Authorization/roleAssignments/96e59cac-1e45-4de4-e49c-1ca94c7f94bd",
            "name": "96e59cac-1e45-4de4-e49c-1ca94c7f94bd",
            "principal_id": "ea5d78c9-1d31-48f5-b5e0-e5841489ee88",
            "principal_type": "ServicePrincipal",
            "role_definition_id": "/subscriptions/7b1f7584-2f78-4923-851d-04a91bb32a57/providers/Microsoft.Authorization/roleDefinitions/4d97b98b-1d4f-4787-a291-c67834d212e7",
            "role_definition_name": "Network Contributor",
            "scope": "/subscriptions/7b1f7584-2f78-4923-851d-04a91bb32a57/resourceGroups/rg-aks-cluster/providers/Microsoft.Network/virtualNetworks/vnet-spoke-aks",
            "skip_service_principal_aad_check": true,
            "timeouts": null
          },
          "sensitive_attributes": [],
          "private": "eyJlMmJmYjczMC1lY2FhLTExZTYtOGY4OC0zNDM2M2JjN2M0YzAiOnsiY3JlYXRlIjoxODAwMDAwMDAwMDAwLCJkZWxldGUiOjE4MDAwMDAwMDAwMDAsInJlYWQiOjMwMDAwMDAwMDAwMCwidXBkYXRlIjoxODAwMDAwMDAwMDAwfX0=",
          "dependencies": [
            "azurerm_resource_group.rg",
            "azurerm_user_assigned_identity.identity-aks",
            "azurerm_virtual_network.vnet"
          ]
        }
      ]
    },
    {
      "mode": "managed",
      "type": "azurerm_role_assignment",
      "name": "aks_mi_operator",
      "provider": "provider[\"registry.terraform.io/hashicorp/azurerm\"]",
      "instances": [
        {
          "schema_version": 0,
          "attributes": {
            "condition": "",
            "condition_version": "",
            "delegated_managed_identity_resource_id": "",
            "description": "",
            "id": "/subscriptions/7b1f7584-2f78-4923-851d-04a91bb32a57/resourceGroups/rg-aks-cluster/providers/Microsoft.ManagedIdentity/userAssignedIdentities/aks-cluster-agentpool/providers/Microsoft.Authorization/roleAssignments/e15639af-049e-d93e-e097-9a52ffcfdedc",
            "name": "e15639af-049e-d93e-e097-9a52ffcfdedc",
            "principal_id": "ea5d78c9-1d31-48f5-b5e0-e5841489ee88",
            "principal_type": "ServicePrincipal",
            "role_definition_id": "/subscriptions/7b1f7584-2f78-4923-851d-04a91bb32a57/providers/Microsoft.Authorization/roleDefinitions/f1a07417-d97a-45cb-824c-7a7467783830",
            "role_definition_name": "Managed Identity Operator",
            "scope": "/subscriptions/7b1f7584-2f78-4923-851d-04a91bb32a57/resourceGroups/rg-aks-cluster/providers/Microsoft.ManagedIdentity/userAssignedIdentities/aks-cluster-agentpool",
            "skip_service_principal_aad_check": true,
            "timeouts": null
          },
          "sensitive_attributes": [],
          "private": "eyJlMmJmYjczMC1lY2FhLTExZTYtOGY4OC0zNDM2M2JjN2M0YzAiOnsiY3JlYXRlIjoxODAwMDAwMDAwMDAwLCJkZWxldGUiOjE4MDAwMDAwMDAwMDAsInJlYWQiOjMwMDAwMDAwMDAwMCwidXBkYXRlIjoxODAwMDAwMDAwMDAwfX0=",
          "dependencies": [
            "azurerm_resource_group.rg",
            "azurerm_user_assigned_identity.identity-aks",
            "azurerm_user_assigned_identity.identity-kubelet"
          ]
        }
      ]
    },
    {
      "mode": "managed",
      "type": "azurerm_role_assignment",
      "name": "kubecost",
      "provider": "provider[\"registry.terraform.io/hashicorp/azurerm\"]",
      "instances": [
        {
          "schema_version": 0,
          "attributes": {
            "condition": "",
            "condition_version": "",
            "delegated_managed_identity_resource_id": "",
            "description": "",
            "id": "/subscriptions/7b1f7584-2f78-4923-851d-04a91bb32a57/providers/Microsoft.Authorization/roleAssignments/db6a98cb-6c8c-f7eb-7b05-5b46b60df31c",
            "name": "db6a98cb-6c8c-f7eb-7b05-5b46b60df31c",
            "principal_id": "7a056a7c-f485-4c41-8ddd-7593c7aa631f",
            "principal_type": "ServicePrincipal",
            "role_definition_id": "/subscriptions/7b1f7584-2f78-4923-851d-04a91bb32a57/providers/Microsoft.Authorization/roleDefinitions/cb8d5302-520c-d3b3-ac38-08825c9efa5f",
            "role_definition_name": "rate_card_query_kubecost",
            "scope": "/subscriptions/7b1f7584-2f78-4923-851d-04a91bb32a57",
            "skip_service_principal_aad_check": null,
            "timeouts": null
          },
          "sensitive_attributes": [],
          "private": "eyJlMmJmYjczMC1lY2FhLTExZTYtOGY4OC0zNDM2M2JjN2M0YzAiOnsiY3JlYXRlIjoxODAwMDAwMDAwMDAwLCJkZWxldGUiOjE4MDAwMDAwMDAwMDAsInJlYWQiOjMwMDAwMDAwMDAwMCwidXBkYXRlIjoxODAwMDAwMDAwMDAwfX0=",
          "dependencies": [
            "azuread_application.kubecost",
            "azuread_service_principal.kubecost",
            "azurerm_role_definition.kubecost",
            "data.azurerm_subscription.current"
          ]
        }
      ]
    },
    {
      "mode": "managed",
      "type": "azurerm_role_assignment",
      "name": "role-contributor",
      "provider": "provider[\"registry.terraform.io/hashicorp/azurerm\"]",
      "instances": [
        {
          "schema_version": 0,
          "attributes": {
            "condition": "",
            "condition_version": "",
            "delegated_managed_identity_resource_id": "",
            "description": "",
            "id": "/subscriptions/7b1f7584-2f78-4923-851d-04a91bb32a57/resourceGroups/rg-aks-cluster/providers/Microsoft.Authorization/roleAssignments/48355d37-efd6-f1ca-c8c3-b5bdeae4cb0f",
            "name": "48355d37-efd6-f1ca-c8c3-b5bdeae4cb0f",
            "principal_id": "54ac4bf9-ae79-4903-93ba-9220254da55d",
            "principal_type": "ServicePrincipal",
            "role_definition_id": "/subscriptions/7b1f7584-2f78-4923-851d-04a91bb32a57/providers/Microsoft.Authorization/roleDefinitions/b24988ac-6180-42a0-ab88-20f7382dd24c",
            "role_definition_name": "Contributor",
            "scope": "/subscriptions/7b1f7584-2f78-4923-851d-04a91bb32a57/resourceGroups/rg-aks-cluster",
            "skip_service_principal_aad_check": null,
            "timeouts": null
          },
          "sensitive_attributes": [],
          "private": "eyJlMmJmYjczMC1lY2FhLTExZTYtOGY4OC0zNDM2M2JjN2M0YzAiOnsiY3JlYXRlIjoxODAwMDAwMDAwMDAwLCJkZWxldGUiOjE4MDAwMDAwMDAwMDAsInJlYWQiOjMwMDAwMDAwMDAwMCwidXBkYXRlIjoxODAwMDAwMDAwMDAwfX0=",
          "dependencies": [
            "azuread_application.app_velero",
            "azuread_group.aks_admins",
            "azuread_service_principal.spn_velero",
            "azurerm_application_gateway.appgw",
            "azurerm_kubernetes_cluster.aks",
            "azurerm_public_ip.pip",
            "azurerm_resource_group.rg",
            "azurerm_subnet.subnetappgw",
            "azurerm_subnet.subnetnodes",
            "azurerm_subnet.subnetpods",
            "azurerm_user_assigned_identity.identity-aks",
            "azurerm_user_assigned_identity.identity-kubelet",
            "azurerm_virtual_network.vnet",
            "data.azuread_client_config.current",
            "data.azurerm_subscription.current"
          ]
        }
      ]
    },
    {
      "mode": "managed",
      "type": "azurerm_role_assignment",
      "name": "role-secret-officer",
      "provider": "provider[\"registry.terraform.io/hashicorp/azurerm\"]",
      "instances": [
        {
          "schema_version": 0,
          "attributes": {
            "condition": "",
            "condition_version": "",
            "delegated_managed_identity_resource_id": "",
            "description": "",
            "id": "/subscriptions/7b1f7584-2f78-4923-851d-04a91bb32a57/resourceGroups/rg-aks-cluster/providers/Microsoft.KeyVault/vaults/kvforaks087/providers/Microsoft.Authorization/roleAssignments/514a5637-90dd-f05e-0d99-e648970ae388",
            "name": "514a5637-90dd-f05e-0d99-e648970ae388",
            "principal_id": "f97fc9ba-ebda-439e-825a-0e25801cb32c",
            "principal_type": "User",
            "role_definition_id": "/subscriptions/7b1f7584-2f78-4923-851d-04a91bb32a57/providers/Microsoft.Authorization/roleDefinitions/b86a8fe4-44ce-4948-aee5-eccb2c155cd7",
            "role_definition_name": "Key Vault Secrets Officer",
            "scope": "/subscriptions/7b1f7584-2f78-4923-851d-04a91bb32a57/resourceGroups/rg-aks-cluster/providers/Microsoft.KeyVault/vaults/kvforaks087",
            "skip_service_principal_aad_check": null,
            "timeouts": null
          },
          "sensitive_attributes": [],
          "private": "eyJlMmJmYjczMC1lY2FhLTExZTYtOGY4OC0zNDM2M2JjN2M0YzAiOnsiY3JlYXRlIjoxODAwMDAwMDAwMDAwLCJkZWxldGUiOjE4MDAwMDAwMDAwMDAsInJlYWQiOjMwMDAwMDAwMDAwMCwidXBkYXRlIjoxODAwMDAwMDAwMDAwfX0=",
          "dependencies": [
            "azurerm_key_vault.kv",
            "azurerm_resource_group.rg",
            "data.azurerm_client_config.current"
          ]
        }
      ]
    },
    {
      "mode": "managed",
      "type": "azurerm_role_assignment",
      "name": "role-secret-user",
      "provider": "provider[\"registry.terraform.io/hashicorp/azurerm\"]",
      "instances": [
        {
          "schema_version": 0,
          "attributes": {
            "condition": "",
            "condition_version": "",
            "delegated_managed_identity_resource_id": "",
            "description": "",
            "id": "/subscriptions/7b1f7584-2f78-4923-851d-04a91bb32a57/resourceGroups/rg-aks-cluster/providers/Microsoft.KeyVault/vaults/kvforaks087/secrets/database-password/providers/Microsoft.Authorization/roleAssignments/d0db8018-e681-137f-526e-d5a4d794c9d0",
            "name": "d0db8018-e681-137f-526e-d5a4d794c9d0",
            "principal_id": "c0629661-a5e6-4f3d-b02a-6b2d3fa01fe8",
            "principal_type": "ServicePrincipal",
            "role_definition_id": "/subscriptions/7b1f7584-2f78-4923-851d-04a91bb32a57/providers/Microsoft.Authorization/roleDefinitions/4633458b-17de-408a-b874-0445c86b69e6",
            "role_definition_name": "Key Vault Secrets User",
            "scope": "/subscriptions/7b1f7584-2f78-4923-851d-04a91bb32a57/resourceGroups/rg-aks-cluster/providers/Microsoft.KeyVault/vaults/kvforaks087/secrets/database-password",
            "skip_service_principal_aad_check": null,
            "timeouts": null
          },
          "sensitive_attributes": [],
          "private": "eyJlMmJmYjczMC1lY2FhLTExZTYtOGY4OC0zNDM2M2JjN2M0YzAiOnsiY3JlYXRlIjoxODAwMDAwMDAwMDAwLCJkZWxldGUiOjE4MDAwMDAwMDAwMDAsInJlYWQiOjMwMDAwMDAwMDAwMCwidXBkYXRlIjoxODAwMDAwMDAwMDAwfX0=",
          "dependencies": [
            "azuread_application.app_velero",
            "azuread_group.aks_admins",
            "azuread_service_principal.spn_velero",
            "azurerm_application_gateway.appgw",
            "azurerm_key_vault.kv",
            "azurerm_key_vault_secret.secret",
            "azurerm_kubernetes_cluster.aks",
            "azurerm_public_ip.pip",
            "azurerm_resource_group.rg",
            "azurerm_role_assignment.role-secret-officer",
            "azurerm_subnet.subnetappgw",
            "azurerm_subnet.subnetnodes",
            "azurerm_subnet.subnetpods",
            "azurerm_user_assigned_identity.identity-aks",
            "azurerm_user_assigned_identity.identity-kubelet",
            "azurerm_virtual_network.vnet",
            "data.azuread_client_config.current",
            "data.azurerm_client_config.current",
            "data.azurerm_subscription.current"
          ]
        }
      ]
    },
    {
      "mode": "managed",
      "type": "azurerm_role_assignment",
      "name": "role_acrpull",
      "provider": "provider[\"registry.terraform.io/hashicorp/azurerm\"]",
      "instances": [
        {
          "schema_version": 0,
          "attributes": {
            "condition": "",
            "condition_version": "",
            "delegated_managed_identity_resource_id": "",
            "description": "",
            "id": "/subscriptions/7b1f7584-2f78-4923-851d-04a91bb32a57/resourceGroups/rg-aks-cluster/providers/Microsoft.ContainerRegistry/registries/acrforakstf037/providers/Microsoft.Authorization/roleAssignments/99633ba8-81e9-6af1-a7d1-1b1217c04990",
            "name": "99633ba8-81e9-6af1-a7d1-1b1217c04990",
            "principal_id": "475d3ba8-6634-45b7-90dc-4a2b07304da6",
            "principal_type": "ServicePrincipal",
            "role_definition_id": "/subscriptions/7b1f7584-2f78-4923-851d-04a91bb32a57/providers/Microsoft.Authorization/roleDefinitions/7f951dda-4ed3-4680-a7ca-43fe172d538d",
            "role_definition_name": "AcrPull",
            "scope": "/subscriptions/7b1f7584-2f78-4923-851d-04a91bb32a57/resourceGroups/rg-aks-cluster/providers/Microsoft.ContainerRegistry/registries/acrforakstf037",
            "skip_service_principal_aad_check": true,
            "timeouts": null
          },
          "sensitive_attributes": [],
          "private": "eyJlMmJmYjczMC1lY2FhLTExZTYtOGY4OC0zNDM2M2JjN2M0YzAiOnsiY3JlYXRlIjoxODAwMDAwMDAwMDAwLCJkZWxldGUiOjE4MDAwMDAwMDAwMDAsInJlYWQiOjMwMDAwMDAwMDAwMCwidXBkYXRlIjoxODAwMDAwMDAwMDAwfX0=",
          "dependencies": [
            "azurerm_container_registry.acr",
            "azurerm_resource_group.rg",
            "azurerm_user_assigned_identity.identity-kubelet"
          ]
        }
      ]
    },
    {
      "mode": "managed",
      "type": "azurerm_role_assignment",
      "name": "spn_velero_aks_node_rg",
      "provider": "provider[\"registry.terraform.io/hashicorp/azurerm\"]",
      "instances": [
        {
          "schema_version": 0,
          "attributes": {
            "condition": "",
            "condition_version": "",
            "delegated_managed_identity_resource_id": "",
            "description": "",
            "id": "/subscriptions/7b1f7584-2f78-4923-851d-04a91bb32a57/resourceGroups/rg-aks-cluster-managed/providers/Microsoft.Authorization/roleAssignments/92f977f4-6e31-db08-d1ce-31b0ee5aff8b",
            "name": "92f977f4-6e31-db08-d1ce-31b0ee5aff8b",
            "principal_id": "5a0bfc6f-c1fa-4d85-a2e0-d78364ff6c42",
            "principal_type": "ServicePrincipal",
            "role_definition_id": "/subscriptions/7b1f7584-2f78-4923-851d-04a91bb32a57/providers/Microsoft.Authorization/roleDefinitions/b24988ac-6180-42a0-ab88-20f7382dd24c",
            "role_definition_name": "Contributor",
            "scope": "/subscriptions/7b1f7584-2f78-4923-851d-04a91bb32a57/resourceGroups/rg-aks-cluster-managed",
            "skip_service_principal_aad_check": null,
            "timeouts": null
          },
          "sensitive_attributes": [],
          "private": "eyJlMmJmYjczMC1lY2FhLTExZTYtOGY4OC0zNDM2M2JjN2M0YzAiOnsiY3JlYXRlIjoxODAwMDAwMDAwMDAwLCJkZWxldGUiOjE4MDAwMDAwMDAwMDAsInJlYWQiOjMwMDAwMDAwMDAwMCwidXBkYXRlIjoxODAwMDAwMDAwMDAwfX0=",
          "dependencies": [
            "azuread_application.app_velero",
            "azuread_group.aks_admins",
            "azuread_service_principal.spn_velero",
            "azurerm_application_gateway.appgw",
            "azurerm_kubernetes_cluster.aks",
            "azurerm_public_ip.pip",
            "azurerm_resource_group.rg",
            "azurerm_subnet.subnetappgw",
            "azurerm_subnet.subnetnodes",
            "azurerm_subnet.subnetpods",
            "azurerm_user_assigned_identity.identity-aks",
            "azurerm_user_assigned_identity.identity-kubelet",
            "azurerm_virtual_network.vnet",
            "data.azuread_client_config.current",
            "data.azurerm_subscription.current"
          ]
        }
      ]
    },
    {
      "mode": "managed",
      "type": "azurerm_role_assignment",
      "name": "spn_velero_backup_rg",
      "provider": "provider[\"registry.terraform.io/hashicorp/azurerm\"]",
      "instances": [
        {
          "schema_version": 0,
          "attributes": {
            "condition": "",
            "condition_version": "",
            "delegated_managed_identity_resource_id": "",
            "description": "",
            "id": "/subscriptions/7b1f7584-2f78-4923-851d-04a91bb32a57/resourceGroups/rg-aks-cluster-backups/providers/Microsoft.Authorization/roleAssignments/85da4ff3-e69f-124d-b72d-9b382f8f587c",
            "name": "85da4ff3-e69f-124d-b72d-9b382f8f587c",
            "principal_id": "5a0bfc6f-c1fa-4d85-a2e0-d78364ff6c42",
            "principal_type": "ServicePrincipal",
            "role_definition_id": "/subscriptions/7b1f7584-2f78-4923-851d-04a91bb32a57/providers/Microsoft.Authorization/roleDefinitions/b24988ac-6180-42a0-ab88-20f7382dd24c",
            "role_definition_name": "Contributor",
            "scope": "/subscriptions/7b1f7584-2f78-4923-851d-04a91bb32a57/resourceGroups/rg-aks-cluster-backups",
            "skip_service_principal_aad_check": null,
            "timeouts": null
          },
          "sensitive_attributes": [],
          "private": "eyJlMmJmYjczMC1lY2FhLTExZTYtOGY4OC0zNDM2M2JjN2M0YzAiOnsiY3JlYXRlIjoxODAwMDAwMDAwMDAwLCJkZWxldGUiOjE4MDAwMDAwMDAwMDAsInJlYWQiOjMwMDAwMDAwMDAwMCwidXBkYXRlIjoxODAwMDAwMDAwMDAwfX0=",
          "dependencies": [
            "azuread_application.app_velero",
            "azuread_service_principal.spn_velero",
            "azurerm_resource_group.aks_backups"
          ]
        }
      ]
    },
    {
      "mode": "managed",
      "type": "azurerm_role_assignment",
      "name": "spn_velero_backup_storage",
      "provider": "provider[\"registry.terraform.io/hashicorp/azurerm\"]",
      "instances": [
        {
          "schema_version": 0,
          "attributes": {
            "condition": "",
            "condition_version": "",
            "delegated_managed_identity_resource_id": "",
            "description": "",
            "id": "/subscriptions/7b1f7584-2f78-4923-851d-04a91bb32a57/resourceGroups/rg-aks-cluster-backups/providers/Microsoft.Storage/storageAccounts/storageforaksbackup001/providers/Microsoft.Authorization/roleAssignments/62a3a63a-f7d4-be1a-988d-562754b351aa",
            "name": "62a3a63a-f7d4-be1a-988d-562754b351aa",
            "principal_id": "5a0bfc6f-c1fa-4d85-a2e0-d78364ff6c42",
            "principal_type": "ServicePrincipal",
            "role_definition_id": "/subscriptions/7b1f7584-2f78-4923-851d-04a91bb32a57/providers/Microsoft.Authorization/roleDefinitions/b24988ac-6180-42a0-ab88-20f7382dd24c",
            "role_definition_name": "Contributor",
            "scope": "/subscriptions/7b1f7584-2f78-4923-851d-04a91bb32a57/resourceGroups/rg-aks-cluster-backups/providers/Microsoft.Storage/storageAccounts/storageforaksbackup001",
            "skip_service_principal_aad_check": null,
            "timeouts": null
          },
          "sensitive_attributes": [],
          "private": "eyJlMmJmYjczMC1lY2FhLTExZTYtOGY4OC0zNDM2M2JjN2M0YzAiOnsiY3JlYXRlIjoxODAwMDAwMDAwMDAwLCJkZWxldGUiOjE4MDAwMDAwMDAwMDAsInJlYWQiOjMwMDAwMDAwMDAwMCwidXBkYXRlIjoxODAwMDAwMDAwMDAwfX0=",
          "dependencies": [
            "azuread_application.app_velero",
            "azuread_service_principal.spn_velero",
            "azurerm_resource_group.aks_backups",
            "azurerm_storage_account.aks_backups"
          ]
        }
      ]
    },
    {
      "mode": "managed",
      "type": "azurerm_role_assignment",
      "name": "spn_velero_backup_storage_key_operator",
      "provider": "provider[\"registry.terraform.io/hashicorp/azurerm\"]",
      "instances": [
        {
          "schema_version": 0,
          "attributes": {
            "condition": "",
            "condition_version": "",
            "delegated_managed_identity_resource_id": "",
            "description": "",
            "id": "/subscriptions/7b1f7584-2f78-4923-851d-04a91bb32a57/resourceGroups/rg-aks-cluster-backups/providers/Microsoft.Storage/storageAccounts/storageforaksbackup001/providers/Microsoft.Authorization/roleAssignments/5f5404dd-1baa-2b23-2427-f71e0763c7db",
            "name": "5f5404dd-1baa-2b23-2427-f71e0763c7db",
            "principal_id": "5a0bfc6f-c1fa-4d85-a2e0-d78364ff6c42",
            "principal_type": "ServicePrincipal",
            "role_definition_id": "/subscriptions/7b1f7584-2f78-4923-851d-04a91bb32a57/providers/Microsoft.Authorization/roleDefinitions/81a9662b-bebf-436f-a333-f67b29880f12",
            "role_definition_name": "Storage Account Key Operator Service Role",
            "scope": "/subscriptions/7b1f7584-2f78-4923-851d-04a91bb32a57/resourceGroups/rg-aks-cluster-backups/providers/Microsoft.Storage/storageAccounts/storageforaksbackup001",
            "skip_service_principal_aad_check": null,
            "timeouts": null
          },
          "sensitive_attributes": [],
          "private": "eyJlMmJmYjczMC1lY2FhLTExZTYtOGY4OC0zNDM2M2JjN2M0YzAiOnsiY3JlYXRlIjoxODAwMDAwMDAwMDAwLCJkZWxldGUiOjE4MDAwMDAwMDAwMDAsInJlYWQiOjMwMDAwMDAwMDAwMCwidXBkYXRlIjoxODAwMDAwMDAwMDAwfX0=",
          "dependencies": [
            "azuread_application.app_velero",
            "azuread_service_principal.spn_velero",
            "azurerm_resource_group.aks_backups",
            "azurerm_storage_account.aks_backups"
          ]
        }
      ]
    },
    {
      "mode": "managed",
      "type": "azurerm_role_definition",
      "name": "kubecost",
      "provider": "provider[\"registry.terraform.io/hashicorp/azurerm\"]",
      "instances": [
        {
          "schema_version": 1,
          "attributes": {
            "assignable_scopes": [
              "/subscriptions/7b1f7584-2f78-4923-851d-04a91bb32a57"
            ],
            "description": "kubecost Rate Card query role",
            "id": "/subscriptions/7b1f7584-2f78-4923-851d-04a91bb32a57/providers/Microsoft.Authorization/roleDefinitions/cb8d5302-520c-d3b3-ac38-08825c9efa5f|/subscriptions/7b1f7584-2f78-4923-851d-04a91bb32a57",
            "name": "rate_card_query_kubecost",
            "permissions": [
              {
                "actions": [
                  "Microsoft.Compute/virtualMachines/vmSizes/read",
                  "Microsoft.Resources/subscriptions/locations/read",
                  "Microsoft.Resources/providers/read",
                  "Microsoft.ContainerService/containerServices/read",
                  "Microsoft.Commerce/RateCard/read"
                ],
                "data_actions": [],
                "not_actions": [],
                "not_data_actions": []
              }
            ],
            "role_definition_id": "cb8d5302-520c-d3b3-ac38-08825c9efa5f",
            "role_definition_resource_id": "/subscriptions/7b1f7584-2f78-4923-851d-04a91bb32a57/providers/Microsoft.Authorization/roleDefinitions/cb8d5302-520c-d3b3-ac38-08825c9efa5f",
            "scope": "/subscriptions/7b1f7584-2f78-4923-851d-04a91bb32a57",
            "timeouts": null
          },
          "sensitive_attributes": [],
          "private": "eyJlMmJmYjczMC1lY2FhLTExZTYtOGY4OC0zNDM2M2JjN2M0YzAiOnsiY3JlYXRlIjoxODAwMDAwMDAwMDAwLCJkZWxldGUiOjE4MDAwMDAwMDAwMDAsInJlYWQiOjMwMDAwMDAwMDAwMCwidXBkYXRlIjozNjAwMDAwMDAwMDAwfSwic2NoZW1hX3ZlcnNpb24iOiIxIn0=",
          "dependencies": [
            "data.azurerm_subscription.current"
          ]
        }
      ]
    },
    {
      "mode": "managed",
      "type": "azurerm_storage_account",
      "name": "aks_backups",
      "provider": "provider[\"registry.terraform.io/hashicorp/azurerm\"]",
      "instances": [
        {
          "schema_version": 3,
          "attributes": {
            "access_tier": "Hot",
            "account_kind": "StorageV2",
            "account_replication_type": "GRS",
            "account_tier": "Standard",
            "allow_nested_items_to_be_public": true,
            "azure_files_authentication": [],
            "blob_properties": [
              {
                "change_feed_enabled": false,
                "container_delete_retention_policy": [],
                "cors_rule": [],
                "default_service_version": "",
                "delete_retention_policy": [],
                "last_access_time_enabled": false,
                "versioning_enabled": false
              }
            ],
            "cross_tenant_replication_enabled": true,
            "custom_domain": [],
            "customer_managed_key": [],
            "edge_zone": "",
            "enable_https_traffic_only": true,
            "id": "/subscriptions/7b1f7584-2f78-4923-851d-04a91bb32a57/resourceGroups/rg-aks-cluster-backups/providers/Microsoft.Storage/storageAccounts/storageforaksbackup001",
            "identity": [],
            "infrastructure_encryption_enabled": false,
            "is_hns_enabled": false,
            "large_file_share_enabled": null,
            "location": "northeurope",
            "min_tls_version": "TLS1_2",
            "name": "storageforaksbackup001",
            "network_rules": [
              {
                "bypass": [
                  "AzureServices"
                ],
                "default_action": "Allow",
                "ip_rules": [],
                "private_link_access": [],
                "virtual_network_subnet_ids": []
              }
            ],
            "nfsv3_enabled": false,
            "primary_access_key": "2OrVOhaxVZxiBUWAvqMRRbmzJv22kqJl+4rEl+9wED3X5rIuFjOe/eDZwZCxFM3GTSQhstJMIvUV+AStlkJn0Q==",
            "primary_blob_connection_string": "DefaultEndpointsProtocol=https;BlobEndpoint=https://storageforaksbackup001.blob.core.windows.net/;AccountName=storageforaksbackup001;AccountKey=2OrVOhaxVZxiBUWAvqMRRbmzJv22kqJl+4rEl+9wED3X5rIuFjOe/eDZwZCxFM3GTSQhstJMIvUV+AStlkJn0Q==",
            "primary_blob_endpoint": "https://storageforaksbackup001.blob.core.windows.net/",
            "primary_blob_host": "storageforaksbackup001.blob.core.windows.net",
            "primary_connection_string": "DefaultEndpointsProtocol=https;AccountName=storageforaksbackup001;AccountKey=2OrVOhaxVZxiBUWAvqMRRbmzJv22kqJl+4rEl+9wED3X5rIuFjOe/eDZwZCxFM3GTSQhstJMIvUV+AStlkJn0Q==;EndpointSuffix=core.windows.net",
            "primary_dfs_endpoint": "https://storageforaksbackup001.dfs.core.windows.net/",
            "primary_dfs_host": "storageforaksbackup001.dfs.core.windows.net",
            "primary_file_endpoint": "https://storageforaksbackup001.file.core.windows.net/",
            "primary_file_host": "storageforaksbackup001.file.core.windows.net",
            "primary_location": "northeurope",
            "primary_queue_endpoint": "https://storageforaksbackup001.queue.core.windows.net/",
            "primary_queue_host": "storageforaksbackup001.queue.core.windows.net",
            "primary_table_endpoint": "https://storageforaksbackup001.table.core.windows.net/",
            "primary_table_host": "storageforaksbackup001.table.core.windows.net",
            "primary_web_endpoint": "https://storageforaksbackup001.z16.web.core.windows.net/",
            "primary_web_host": "storageforaksbackup001.z16.web.core.windows.net",
            "queue_encryption_key_type": "Service",
            "queue_properties": [
              {
                "cors_rule": [],
                "hour_metrics": [
                  {
                    "enabled": true,
                    "include_apis": true,
                    "retention_policy_days": 7,
                    "version": "1.0"
                  }
                ],
                "logging": [
                  {
                    "delete": false,
                    "read": false,
                    "retention_policy_days": 0,
                    "version": "1.0",
                    "write": false
                  }
                ],
                "minute_metrics": [
                  {
                    "enabled": false,
                    "include_apis": false,
                    "retention_policy_days": 0,
                    "version": "1.0"
                  }
                ]
              }
            ],
            "resource_group_name": "rg-aks-cluster-backups",
            "routing": [],
            "secondary_access_key": "2YA9DVg3/WUtG9UVTvLIPr5ZROPeTACrPa6SyvQx8iERWrEkbSECIj8gtrPAW7+oWx6eGE3neplJ+AStYXSymw==",
            "secondary_blob_connection_string": "",
            "secondary_blob_endpoint": null,
            "secondary_blob_host": null,
            "secondary_connection_string": "DefaultEndpointsProtocol=https;AccountName=storageforaksbackup001;AccountKey=2YA9DVg3/WUtG9UVTvLIPr5ZROPeTACrPa6SyvQx8iERWrEkbSECIj8gtrPAW7+oWx6eGE3neplJ+AStYXSymw==;EndpointSuffix=core.windows.net",
            "secondary_dfs_endpoint": null,
            "secondary_dfs_host": null,
            "secondary_file_endpoint": null,
            "secondary_file_host": null,
            "secondary_location": "westeurope",
            "secondary_queue_endpoint": null,
            "secondary_queue_host": null,
            "secondary_table_endpoint": null,
            "secondary_table_host": null,
            "secondary_web_endpoint": null,
            "secondary_web_host": null,
            "share_properties": [
              {
                "cors_rule": [],
                "retention_policy": [
                  {
                    "days": 7
                  }
                ],
                "smb": []
              }
            ],
            "shared_access_key_enabled": true,
            "static_website": [],
            "table_encryption_key_type": "Service",
            "tags": {
              "environment": "development",
              "source": "terraform"
            },
            "timeouts": null
          },
          "sensitive_attributes": [],
          "private": "eyJlMmJmYjczMC1lY2FhLTExZTYtOGY4OC0zNDM2M2JjN2M0YzAiOnsiY3JlYXRlIjozNjAwMDAwMDAwMDAwLCJkZWxldGUiOjM2MDAwMDAwMDAwMDAsInJlYWQiOjMwMDAwMDAwMDAwMCwidXBkYXRlIjozNjAwMDAwMDAwMDAwfSwic2NoZW1hX3ZlcnNpb24iOiIzIn0=",
          "dependencies": [
            "azurerm_resource_group.aks_backups"
          ]
        }
      ]
    },
    {
      "mode": "managed",
      "type": "azurerm_storage_container",
      "name": "aks_backups",
      "provider": "provider[\"registry.terraform.io/hashicorp/azurerm\"]",
      "instances": [
        {
          "schema_version": 1,
          "attributes": {
            "container_access_type": "private",
            "has_immutability_policy": false,
            "has_legal_hold": false,
            "id": "https://storageforaksbackup001.blob.core.windows.net/velero",
            "metadata": {},
            "name": "velero",
            "resource_manager_id": "/subscriptions/7b1f7584-2f78-4923-851d-04a91bb32a57/resourceGroups/rg-aks-cluster-backups/providers/Microsoft.Storage/storageAccounts/storageforaksbackup001/blobServices/default/containers/velero",
            "storage_account_name": "storageforaksbackup001",
            "timeouts": null
          },
          "sensitive_attributes": [],
          "private": "eyJlMmJmYjczMC1lY2FhLTExZTYtOGY4OC0zNDM2M2JjN2M0YzAiOnsiY3JlYXRlIjoxODAwMDAwMDAwMDAwLCJkZWxldGUiOjE4MDAwMDAwMDAwMDAsInJlYWQiOjMwMDAwMDAwMDAwMCwidXBkYXRlIjoxODAwMDAwMDAwMDAwfSwic2NoZW1hX3ZlcnNpb24iOiIxIn0=",
          "dependencies": [
            "azurerm_resource_group.aks_backups",
            "azurerm_storage_account.aks_backups"
          ]
        }
      ]
    },
    {
      "mode": "managed",
      "type": "azurerm_subnet",
      "name": "subnetappgw",
      "provider": "provider[\"registry.terraform.io/hashicorp/azurerm\"]",
      "instances": [
        {
          "schema_version": 0,
          "attributes": {
            "address_prefixes": [
              "10.1.0.0/16"
            ],
            "delegation": [],
            "enforce_private_link_endpoint_network_policies": false,
            "enforce_private_link_service_network_policies": false,
            "id": "/subscriptions/7b1f7584-2f78-4923-851d-04a91bb32a57/resourceGroups/rg-aks-cluster/providers/Microsoft.Network/virtualNetworks/vnet-spoke-aks/subnets/subnet-appgw",
            "name": "subnet-appgw",
            "resource_group_name": "rg-aks-cluster",
            "service_endpoint_policy_ids": [],
            "service_endpoints": [],
            "timeouts": null,
            "virtual_network_name": "vnet-spoke-aks"
          },
          "sensitive_attributes": [],
          "private": "eyJlMmJmYjczMC1lY2FhLTExZTYtOGY4OC0zNDM2M2JjN2M0YzAiOnsiY3JlYXRlIjoxODAwMDAwMDAwMDAwLCJkZWxldGUiOjE4MDAwMDAwMDAwMDAsInJlYWQiOjMwMDAwMDAwMDAwMCwidXBkYXRlIjoxODAwMDAwMDAwMDAwfX0=",
          "dependencies": [
            "azurerm_resource_group.rg",
            "azurerm_virtual_network.vnet"
          ],
          "create_before_destroy": true
        }
      ]
    },
    {
      "mode": "managed",
      "type": "azurerm_subnet",
      "name": "subnetnodes",
      "provider": "provider[\"registry.terraform.io/hashicorp/azurerm\"]",
      "instances": [
        {
          "schema_version": 0,
          "attributes": {
            "address_prefixes": [
              "10.241.0.0/16"
            ],
            "delegation": [],
            "enforce_private_link_endpoint_network_policies": false,
            "enforce_private_link_service_network_policies": false,
            "id": "/subscriptions/7b1f7584-2f78-4923-851d-04a91bb32a57/resourceGroups/rg-aks-cluster/providers/Microsoft.Network/virtualNetworks/vnet-spoke-aks/subnets/subnet-aks-nodes",
            "name": "subnet-aks-nodes",
            "resource_group_name": "rg-aks-cluster",
            "service_endpoint_policy_ids": [],
            "service_endpoints": [],
            "timeouts": null,
            "virtual_network_name": "vnet-spoke-aks"
          },
          "sensitive_attributes": [],
          "private": "eyJlMmJmYjczMC1lY2FhLTExZTYtOGY4OC0zNDM2M2JjN2M0YzAiOnsiY3JlYXRlIjoxODAwMDAwMDAwMDAwLCJkZWxldGUiOjE4MDAwMDAwMDAwMDAsInJlYWQiOjMwMDAwMDAwMDAwMCwidXBkYXRlIjoxODAwMDAwMDAwMDAwfX0=",
          "dependencies": [
            "azurerm_resource_group.rg",
            "azurerm_virtual_network.vnet"
          ]
        }
      ]
    },
    {
      "mode": "managed",
      "type": "azurerm_subnet",
      "name": "subnetpods",
      "provider": "provider[\"registry.terraform.io/hashicorp/azurerm\"]",
      "instances": [
        {
          "schema_version": 0,
          "attributes": {
            "address_prefixes": [
              "10.240.0.0/24"
            ],
            "delegation": [
              {
                "name": "aks-delegation",
                "service_delegation": [
                  {
                    "actions": [
                      "Microsoft.Network/virtualNetworks/subnets/join/action"
                    ],
                    "name": "Microsoft.ContainerService/managedClusters"
                  }
                ]
              }
            ],
            "enforce_private_link_endpoint_network_policies": false,
            "enforce_private_link_service_network_policies": false,
            "id": "/subscriptions/7b1f7584-2f78-4923-851d-04a91bb32a57/resourceGroups/rg-aks-cluster/providers/Microsoft.Network/virtualNetworks/vnet-spoke-aks/subnets/subnet-aks-pods",
            "name": "subnet-aks-pods",
            "resource_group_name": "rg-aks-cluster",
            "service_endpoint_policy_ids": [],
            "service_endpoints": [],
            "timeouts": null,
            "virtual_network_name": "vnet-spoke-aks"
          },
          "sensitive_attributes": [],
          "private": "eyJlMmJmYjczMC1lY2FhLTExZTYtOGY4OC0zNDM2M2JjN2M0YzAiOnsiY3JlYXRlIjoxODAwMDAwMDAwMDAwLCJkZWxldGUiOjE4MDAwMDAwMDAwMDAsInJlYWQiOjMwMDAwMDAwMDAwMCwidXBkYXRlIjoxODAwMDAwMDAwMDAwfX0=",
          "dependencies": [
            "azurerm_resource_group.rg",
            "azurerm_virtual_network.vnet"
          ]
        }
      ]
    },
    {
      "mode": "managed",
      "type": "azurerm_user_assigned_identity",
      "name": "identity-aks",
      "provider": "provider[\"registry.terraform.io/hashicorp/azurerm\"]",
      "instances": [
        {
          "schema_version": 1,
          "attributes": {
            "client_id": "4c141a97-0483-4b6c-9978-80439604d900",
            "id": "/subscriptions/7b1f7584-2f78-4923-851d-04a91bb32a57/resourceGroups/rg-aks-cluster/providers/Microsoft.ManagedIdentity/userAssignedIdentities/identity-aks",
            "location": "westeurope",
            "name": "identity-aks",
            "principal_id": "ea5d78c9-1d31-48f5-b5e0-e5841489ee88",
            "resource_group_name": "rg-aks-cluster",
            "tags": {
              "environment": "development",
              "source": "terraform"
            },
            "tenant_id": "558506eb-9459-4ef3-b920-ad55c555e729",
            "timeouts": null
          },
          "sensitive_attributes": [],
          "private": "eyJlMmJmYjczMC1lY2FhLTExZTYtOGY4OC0zNDM2M2JjN2M0YzAiOnsiY3JlYXRlIjoxODAwMDAwMDAwMDAwLCJkZWxldGUiOjE4MDAwMDAwMDAwMDAsInJlYWQiOjMwMDAwMDAwMDAwMCwidXBkYXRlIjoxODAwMDAwMDAwMDAwfSwic2NoZW1hX3ZlcnNpb24iOiIxIn0=",
          "dependencies": [
            "azurerm_resource_group.rg"
          ]
        }
      ]
    },
    {
      "mode": "managed",
      "type": "azurerm_user_assigned_identity",
      "name": "identity-kubelet",
      "provider": "provider[\"registry.terraform.io/hashicorp/azurerm\"]",
      "instances": [
        {
          "schema_version": 1,
          "attributes": {
            "client_id": "86b4c73c-edc4-4d2f-9e47-88332277aa4f",
            "id": "/subscriptions/7b1f7584-2f78-4923-851d-04a91bb32a57/resourceGroups/rg-aks-cluster/providers/Microsoft.ManagedIdentity/userAssignedIdentities/aks-cluster-agentpool",
            "location": "westeurope",
            "name": "aks-cluster-agentpool",
            "principal_id": "475d3ba8-6634-45b7-90dc-4a2b07304da6",
            "resource_group_name": "rg-aks-cluster",
            "tags": {
              "environment": "development",
              "source": "terraform"
            },
            "tenant_id": "558506eb-9459-4ef3-b920-ad55c555e729",
            "timeouts": null
          },
          "sensitive_attributes": [],
          "private": "eyJlMmJmYjczMC1lY2FhLTExZTYtOGY4OC0zNDM2M2JjN2M0YzAiOnsiY3JlYXRlIjoxODAwMDAwMDAwMDAwLCJkZWxldGUiOjE4MDAwMDAwMDAwMDAsInJlYWQiOjMwMDAwMDAwMDAwMCwidXBkYXRlIjoxODAwMDAwMDAwMDAwfSwic2NoZW1hX3ZlcnNpb24iOiIxIn0=",
          "dependencies": [
            "azurerm_resource_group.rg"
          ]
        }
      ]
    },
    {
      "mode": "managed",
      "type": "azurerm_virtual_network",
      "name": "vnet",
      "provider": "provider[\"registry.terraform.io/hashicorp/azurerm\"]",
      "instances": [
        {
          "schema_version": 0,
          "attributes": {
            "address_space": [
              "10.0.0.0/8"
            ],
            "bgp_community": "",
            "ddos_protection_plan": [],
            "dns_servers": [],
            "edge_zone": "",
            "flow_timeout_in_minutes": 0,
            "guid": "be8c6ed8-0c81-486e-8682-58b979b7f2d8",
            "id": "/subscriptions/7b1f7584-2f78-4923-851d-04a91bb32a57/resourceGroups/rg-aks-cluster/providers/Microsoft.Network/virtualNetworks/vnet-spoke-aks",
            "location": "westeurope",
            "name": "vnet-spoke-aks",
            "resource_group_name": "rg-aks-cluster",
            "subnet": [
              {
                "address_prefix": "10.1.0.0/16",
                "id": "/subscriptions/7b1f7584-2f78-4923-851d-04a91bb32a57/resourceGroups/rg-aks-cluster/providers/Microsoft.Network/virtualNetworks/vnet-spoke-aks/subnets/subnet-appgw",
                "name": "subnet-appgw",
                "security_group": ""
              },
              {
                "address_prefix": "10.240.0.0/24",
                "id": "/subscriptions/7b1f7584-2f78-4923-851d-04a91bb32a57/resourceGroups/rg-aks-cluster/providers/Microsoft.Network/virtualNetworks/vnet-spoke-aks/subnets/subnet-aks-pods",
                "name": "subnet-aks-pods",
                "security_group": ""
              },
              {
                "address_prefix": "10.241.0.0/16",
                "id": "/subscriptions/7b1f7584-2f78-4923-851d-04a91bb32a57/resourceGroups/rg-aks-cluster/providers/Microsoft.Network/virtualNetworks/vnet-spoke-aks/subnets/subnet-aks-nodes",
                "name": "subnet-aks-nodes",
                "security_group": ""
              }
            ],
            "tags": {
              "environment": "development",
              "source": "terraform"
            },
            "timeouts": null
          },
          "sensitive_attributes": [],
          "private": "eyJlMmJmYjczMC1lY2FhLTExZTYtOGY4OC0zNDM2M2JjN2M0YzAiOnsiY3JlYXRlIjoxODAwMDAwMDAwMDAwLCJkZWxldGUiOjE4MDAwMDAwMDAwMDAsInJlYWQiOjMwMDAwMDAwMDAwMCwidXBkYXRlIjoxODAwMDAwMDAwMDAwfX0=",
          "dependencies": [
            "azurerm_resource_group.rg"
          ],
          "create_before_destroy": true
        }
      ]
    },
    {
      "mode": "managed",
      "type": "helm_release",
      "name": "harbor",
      "provider": "provider[\"registry.terraform.io/hashicorp/helm\"].aks-module",
      "instances": [
        {
          "schema_version": 0,
          "attributes": {
            "atomic": false,
            "chart": "harbor",
            "cleanup_on_fail": false,
            "create_namespace": false,
            "dependency_update": false,
            "description": null,
            "devel": null,
            "disable_crd_hooks": false,
            "disable_openapi_validation": false,
            "disable_webhooks": false,
            "force_update": false,
            "id": "harbor",
            "keyring": null,
            "lint": false,
            "manifest": null,
            "max_history": 0,
            "metadata": [
              {
                "app_version": "2.5.1",
                "chart": "harbor",
                "name": "harbor",
                "namespace": "harbor",
                "revision": 1,
                "values": "{\"clair\":{\"enabled\":true},\"expose\":{\"ingress\":{\"className\":\"nginx\"},\"type\":\"ingress\"},\"harborAdminPassword\":\"@Aa123456789\",\"notary\":{\"enabled\":true},\"persistence\":{\"enabled\":true},\"trace\":{\"enabled\":true},\"trivy\":{\"enabled\":true}}",
                "version": "1.9.1"
              }
            ],
            "name": "harbor",
            "namespace": "harbor",
            "postrender": [],
            "recreate_pods": false,
            "render_subchart_notes": true,
            "replace": false,
            "repository": "https://helm.goharbor.io",
            "repository_ca_file": null,
            "repository_cert_file": null,
            "repository_key_file": null,
            "repository_password": null,
            "repository_username": null,
            "reset_values": false,
            "reuse_values": false,
            "set": [
              {
                "name": "clair.enabled",
                "type": "",
                "value": "true"
              },
              {
                "name": "expose.ingress.className",
                "type": "",
                "value": "nginx"
              },
              {
                "name": "expose.type",
                "type": "",
                "value": "ingress"
              },
              {
                "name": "harborAdminPassword",
                "type": "",
                "value": "@Aa123456789"
              },
              {
                "name": "notary.enabled",
                "type": "",
                "value": "true"
              },
              {
                "name": "persistence.enabled",
                "type": "",
                "value": "true"
              },
              {
                "name": "trace.enabled",
                "type": "",
                "value": "true"
              },
              {
                "name": "trivy.enabled",
                "type": "",
                "value": "true"
              }
            ],
            "set_sensitive": [],
            "skip_crds": false,
            "status": "deployed",
            "timeout": 300,
            "values": null,
            "verify": false,
            "version": "1.9.1",
            "wait": true,
            "wait_for_jobs": false
          },
          "sensitive_attributes": [],
          "private": "bnVsbA==",
          "dependencies": [
            "azuread_application.app_velero",
            "azuread_group.aks_admins",
            "azuread_service_principal.spn_velero",
            "azuread_service_principal_password.password_spn_velero",
            "azurerm_application_gateway.appgw",
            "azurerm_kubernetes_cluster.aks",
            "azurerm_public_ip.pip",
            "azurerm_resource_group.rg",
            "azurerm_subnet.subnetappgw",
            "azurerm_subnet.subnetnodes",
            "azurerm_subnet.subnetpods",
            "azurerm_user_assigned_identity.identity-aks",
            "azurerm_user_assigned_identity.identity-kubelet",
            "azurerm_virtual_network.vnet",
            "data.azuread_client_config.current",
            "data.azuread_service_principal.aks_aad_server",
            "data.azurerm_subscription.current",
            "kubernetes_namespace.harbor"
          ]
        }
      ]
    },
    {
      "mode": "managed",
      "type": "helm_release",
      "name": "keda",
      "provider": "provider[\"registry.terraform.io/hashicorp/helm\"].aks-module",
      "instances": [
        {
          "schema_version": 0,
          "attributes": {
            "atomic": false,
            "chart": "keda",
            "cleanup_on_fail": false,
            "create_namespace": false,
            "dependency_update": false,
            "description": null,
            "devel": null,
            "disable_crd_hooks": false,
            "disable_openapi_validation": false,
            "disable_webhooks": false,
            "force_update": false,
            "id": "keda",
            "keyring": null,
            "lint": false,
            "manifest": null,
            "max_history": 0,
            "metadata": [
              {
                "app_version": "2.7.1",
                "chart": "keda",
                "name": "keda",
                "namespace": "keda",
                "revision": 1,
                "values": "null",
                "version": "2.7.2"
              }
            ],
            "name": "keda",
            "namespace": "keda",
            "postrender": [],
            "recreate_pods": false,
            "render_subchart_notes": true,
            "replace": false,
            "repository": "https://kedacore.github.io/charts",
            "repository_ca_file": null,
            "repository_cert_file": null,
            "repository_key_file": null,
            "repository_password": null,
            "repository_username": null,
            "reset_values": false,
            "reuse_values": false,
            "set": [],
            "set_sensitive": [],
            "skip_crds": false,
            "status": "deployed",
            "timeout": 300,
            "values": null,
            "verify": false,
            "version": "2.7.2",
            "wait": true,
            "wait_for_jobs": false
          },
          "sensitive_attributes": [],
          "private": "bnVsbA==",
          "dependencies": [
            "azuread_application.app_velero",
            "azuread_group.aks_admins",
            "azuread_service_principal.spn_velero",
            "azuread_service_principal_password.password_spn_velero",
            "azurerm_application_gateway.appgw",
            "azurerm_kubernetes_cluster.aks",
            "azurerm_public_ip.pip",
            "azurerm_resource_group.rg",
            "azurerm_subnet.subnetappgw",
            "azurerm_subnet.subnetnodes",
            "azurerm_subnet.subnetpods",
            "azurerm_user_assigned_identity.identity-aks",
            "azurerm_user_assigned_identity.identity-kubelet",
            "azurerm_virtual_network.vnet",
            "data.azuread_client_config.current",
            "data.azuread_service_principal.aks_aad_server",
            "data.azurerm_subscription.current",
            "kubernetes_namespace.keda"
          ]
        }
      ]
    },
    {
      "mode": "managed",
      "type": "helm_release",
      "name": "kubecost",
      "provider": "provider[\"registry.terraform.io/hashicorp/helm\"].aks-module",
      "instances": [
        {
          "schema_version": 0,
          "attributes": {
            "atomic": false,
            "chart": "cost-analyzer",
            "cleanup_on_fail": false,
            "create_namespace": false,
            "dependency_update": false,
            "description": null,
            "devel": null,
            "disable_crd_hooks": false,
            "disable_openapi_validation": false,
            "disable_webhooks": false,
            "force_update": false,
            "id": "kubecost",
            "keyring": null,
            "lint": false,
            "manifest": null,
            "max_history": 0,
            "metadata": [
              {
                "app_version": "1.91.2",
                "chart": "cost-analyzer",
                "name": "kubecost",
                "namespace": "kubecost",
                "revision": 1,
                "values": "{\"global\":{\"prometheus\":{\"enabled\":true}},\"kubecostProductConfigs\":{\"azureBillingRegion\":\"NL\",\"azureClientID\":\"62cc60ea-ba02-4847-b980-e6421ca33f04\",\"azureClientPassword\":\"yNd8Q~sx6EgBwtNfu3nRYdQe~_ZwscUfncBGmb3M\",\"azureSubscriptionID\":\"7b1f7584-2f78-4923-851d-04a91bb32a57\",\"azureTenantID\":\"558506eb-9459-4ef3-b920-ad55c555e729\",\"clusterName\":\"aks-cluster\",\"createServiceKeySecret\":true,\"currencyCode\":\"EUR\"}}",
                "version": "1.91.2"
              }
            ],
            "name": "kubecost",
            "namespace": "kubecost",
            "postrender": [],
            "recreate_pods": false,
            "render_subchart_notes": true,
            "replace": false,
            "repository": "https://kubecost.github.io/cost-analyzer/",
            "repository_ca_file": null,
            "repository_cert_file": null,
            "repository_key_file": null,
            "repository_password": null,
            "repository_username": null,
            "reset_values": false,
            "reuse_values": false,
            "set": [
              {
                "name": "global.prometheus.enabled",
                "type": "",
                "value": "true"
              },
              {
                "name": "kubecostProductConfigs.azureBillingRegion",
                "type": "",
                "value": "NL"
              },
              {
                "name": "kubecostProductConfigs.azureClientID",
                "type": "",
                "value": "62cc60ea-ba02-4847-b980-e6421ca33f04"
              },
              {
                "name": "kubecostProductConfigs.azureClientPassword",
                "type": "",
                "value": "yNd8Q~sx6EgBwtNfu3nRYdQe~_ZwscUfncBGmb3M"
              },
              {
                "name": "kubecostProductConfigs.azureSubscriptionID",
                "type": "",
                "value": "7b1f7584-2f78-4923-851d-04a91bb32a57"
              },
              {
                "name": "kubecostProductConfigs.azureTenantID",
                "type": "",
                "value": "558506eb-9459-4ef3-b920-ad55c555e729"
              },
              {
                "name": "kubecostProductConfigs.clusterName",
                "type": "",
                "value": "aks-cluster"
              },
              {
                "name": "kubecostProductConfigs.createServiceKeySecret",
                "type": "",
                "value": "true"
              },
              {
                "name": "kubecostProductConfigs.currencyCode",
                "type": "",
                "value": "EUR"
              }
            ],
            "set_sensitive": [],
            "skip_crds": false,
            "status": "deployed",
            "timeout": 300,
            "values": null,
            "verify": false,
            "version": "1.91.2",
            "wait": true,
            "wait_for_jobs": false
          },
          "sensitive_attributes": [
            [
              {
                "type": "get_attr",
                "value": "set"
              }
            ]
          ],
          "private": "bnVsbA==",
          "dependencies": [
            "azuread_application.app_velero",
            "azuread_application.kubecost",
            "azuread_group.aks_admins",
            "azuread_service_principal.kubecost",
            "azuread_service_principal.spn_velero",
            "azuread_service_principal_password.kubecost",
            "azuread_service_principal_password.password_spn_velero",
            "azurerm_application_gateway.appgw",
            "azurerm_kubernetes_cluster.aks",
            "azurerm_public_ip.pip",
            "azurerm_resource_group.rg",
            "azurerm_subnet.subnetappgw",
            "azurerm_subnet.subnetnodes",
            "azurerm_subnet.subnetpods",
            "azurerm_user_assigned_identity.identity-aks",
            "azurerm_user_assigned_identity.identity-kubelet",
            "azurerm_virtual_network.vnet",
            "data.azuread_client_config.current",
            "data.azuread_service_principal.aks_aad_server",
            "data.azurerm_subscription.current",
            "kubernetes_namespace.kubecost"
          ]
        }
      ]
    },
    {
      "mode": "managed",
      "type": "helm_release",
      "name": "nginx_ingress",
      "provider": "provider[\"registry.terraform.io/hashicorp/helm\"].aks-module",
      "instances": [
        {
          "schema_version": 0,
          "attributes": {
            "atomic": false,
            "chart": "ingress-nginx",
            "cleanup_on_fail": false,
            "create_namespace": false,
            "dependency_update": false,
            "description": null,
            "devel": null,
            "disable_crd_hooks": false,
            "disable_openapi_validation": false,
            "disable_webhooks": false,
            "force_update": false,
            "id": "ingress-nginx",
            "keyring": null,
            "lint": false,
            "manifest": null,
            "max_history": 0,
            "metadata": [
              {
                "app_version": "1.2.1",
                "chart": "ingress-nginx",
                "name": "ingress-nginx",
                "namespace": "ingress",
                "revision": 1,
                "values": "{\"controller\":{\"autoscaling\":{\"enabled\":true,\"maxReplicas\":10,\"minReplicas\":2},\"service\":{\"internal\":{\"annotations\":{\"service.beta.kubernetes.io/azure-load-balancer-internal\":\"true\"},\"enabled\":true},\"type\":\"LoadBalancer\"}}}",
                "version": "4.1.3"
              }
            ],
            "name": "ingress-nginx",
            "namespace": "ingress",
            "postrender": [],
            "recreate_pods": false,
            "render_subchart_notes": true,
            "replace": false,
            "repository": "https://kubernetes.github.io/ingress-nginx",
            "repository_ca_file": null,
            "repository_cert_file": null,
            "repository_key_file": null,
            "repository_password": null,
            "repository_username": null,
            "reset_values": false,
            "reuse_values": false,
            "set": [
              {
                "name": "controller.autoscaling.enabled",
                "type": "",
                "value": "true"
              },
              {
                "name": "controller.autoscaling.maxReplicas",
                "type": "",
                "value": "10"
              },
              {
                "name": "controller.autoscaling.minReplicas",
                "type": "",
                "value": "2"
              },
              {
                "name": "controller.service.internal.annotations.service\\.beta\\.kubernetes\\.io/azure-load-balancer-internal",
                "type": "string",
                "value": "true"
              },
              {
                "name": "controller.service.internal.enabled",
                "type": "",
                "value": "true"
              },
              {
                "name": "controller.service.type",
                "type": "",
                "value": "LoadBalancer"
              }
            ],
            "set_sensitive": [],
            "skip_crds": false,
            "status": "deployed",
            "timeout": 300,
            "values": null,
            "verify": false,
            "version": "4.1.3",
            "wait": true,
            "wait_for_jobs": false
          },
          "sensitive_attributes": [],
          "private": "bnVsbA==",
          "dependencies": [
            "azuread_application.app_velero",
            "azuread_group.aks_admins",
            "azuread_service_principal.spn_velero",
            "azuread_service_principal_password.password_spn_velero",
            "azurerm_application_gateway.appgw",
            "azurerm_kubernetes_cluster.aks",
            "azurerm_public_ip.pip",
            "azurerm_resource_group.rg",
            "azurerm_subnet.subnetappgw",
            "azurerm_subnet.subnetnodes",
            "azurerm_subnet.subnetpods",
            "azurerm_user_assigned_identity.identity-aks",
            "azurerm_user_assigned_identity.identity-kubelet",
            "azurerm_virtual_network.vnet",
            "data.azuread_client_config.current",
            "data.azuread_service_principal.aks_aad_server",
            "data.azurerm_subscription.current",
            "kubernetes_namespace.nginx_ingress"
          ]
        }
      ]
    },
    {
      "mode": "managed",
      "type": "helm_release",
      "name": "prometheus_stack",
      "provider": "provider[\"registry.terraform.io/hashicorp/helm\"].aks-module",
      "instances": [
        {
          "status": "tainted",
          "schema_version": 0,
          "attributes": {
            "atomic": false,
            "chart": "kube-prometheus-stack",
            "cleanup_on_fail": false,
            "create_namespace": false,
            "dependency_update": false,
            "description": null,
            "devel": null,
            "disable_crd_hooks": false,
            "disable_openapi_validation": false,
            "disable_webhooks": false,
            "force_update": false,
            "id": "prometheus-stack",
            "keyring": null,
            "lint": false,
            "manifest": null,
            "max_history": 0,
            "metadata": [
              {
                "app_version": "0.57.0",
                "chart": "kube-prometheus-stack",
                "name": "prometheus-stack",
                "namespace": "monitoring",
                "revision": 1,
                "values": "{\"grafana\":{\"adminPassword\":\"@Aa123456789\",\"adminUser\":\"grafana\",\"ingress\":{\"annotations\":{\"nginx.ingress.kubernetes.io/rewrite-target\":\"/$1\",\"nginx.ingress.kubernetes.io/ssl-redirect\":\"false\",\"nginx.ingress.kubernetes.io/use-regex\":\"true\"},\"enabled\":true,\"ingressClassName\":\"nginx\",\"path\":\"/(.*)\"}}}",
                "version": "36.0.2"
              }
            ],
            "name": "prometheus-stack",
            "namespace": "monitoring",
            "postrender": [],
            "recreate_pods": false,
            "render_subchart_notes": true,
            "replace": false,
            "repository": "https://prometheus-community.github.io/helm-charts",
            "repository_ca_file": null,
            "repository_cert_file": null,
            "repository_key_file": null,
            "repository_password": null,
            "repository_username": null,
            "reset_values": false,
            "reuse_values": false,
            "set": [
              {
                "name": "grafana.adminPassword",
                "type": "",
                "value": "@Aa123456789"
              },
              {
                "name": "grafana.adminUser",
                "type": "",
                "value": "grafana"
              },
              {
                "name": "grafana.ingress.annotations.nginx\\.ingress\\.kubernetes\\.io/rewrite-target",
                "type": "",
                "value": "/$1"
              },
              {
                "name": "grafana.ingress.annotations.nginx\\.ingress\\.kubernetes\\.io/ssl-redirect",
                "type": "string",
                "value": "false"
              },
              {
                "name": "grafana.ingress.annotations.nginx\\.ingress\\.kubernetes\\.io/use-regex",
                "type": "string",
                "value": "true"
              },
              {
                "name": "grafana.ingress.enabled",
                "type": "",
                "value": "true"
              },
              {
                "name": "grafana.ingress.ingressClassName",
                "type": "",
                "value": "nginx"
              },
              {
                "name": "grafana.ingress.path",
                "type": "",
                "value": "/(.*)"
              }
            ],
            "set_sensitive": [],
            "skip_crds": false,
            "status": "failed",
            "timeout": 300,
            "values": null,
            "verify": false,
            "version": "36.0.2",
            "wait": true,
            "wait_for_jobs": false
          },
          "sensitive_attributes": [],
          "private": "bnVsbA==",
          "dependencies": [
            "azuread_service_principal.spn_velero",
            "azuread_service_principal_password.password_spn_velero",
            "azurerm_kubernetes_cluster.aks",
            "data.azuread_service_principal.aks_aad_server",
            "data.azurerm_subscription.current",
            "kubernetes_namespace.prometheus_stack"
          ]
        }
      ]
    },
    {
      "mode": "managed",
      "type": "kubernetes_namespace",
      "name": "argo_cd",
      "provider": "provider[\"registry.terraform.io/hashicorp/kubernetes\"].aks-module",
      "instances": [
        {
          "schema_version": 0,
          "attributes": {
            "id": "gitops",
            "metadata": [
              {
                "annotations": {},
                "generate_name": "",
                "generation": 0,
                "labels": {},
                "name": "gitops",
                "resource_version": "12117",
                "uid": "65e3bd36-7556-42c4-a1ef-261d45081cea"
              }
            ],
            "timeouts": null
          },
          "sensitive_attributes": [],
          "private": "eyJlMmJmYjczMC1lY2FhLTExZTYtOGY4OC0zNDM2M2JjN2M0YzAiOnsiZGVsZXRlIjozMDAwMDAwMDAwMDB9fQ==",
          "dependencies": [
            "azuread_application.app_velero",
            "azuread_group.aks_admins",
            "azuread_service_principal.spn_velero",
            "azuread_service_principal_password.password_spn_velero",
            "azurerm_application_gateway.appgw",
            "azurerm_kubernetes_cluster.aks",
            "azurerm_public_ip.pip",
            "azurerm_resource_group.rg",
            "azurerm_subnet.subnetappgw",
            "azurerm_subnet.subnetnodes",
            "azurerm_subnet.subnetpods",
            "azurerm_user_assigned_identity.identity-aks",
            "azurerm_user_assigned_identity.identity-kubelet",
            "azurerm_virtual_network.vnet",
            "data.azuread_client_config.current",
            "data.azuread_service_principal.aks_aad_server",
            "data.azurerm_subscription.current"
          ]
        }
      ]
    },
    {
      "mode": "managed",
      "type": "kubernetes_namespace",
      "name": "harbor",
      "provider": "provider[\"registry.terraform.io/hashicorp/kubernetes\"].aks-module",
      "instances": [
        {
          "schema_version": 0,
          "attributes": {
            "id": "harbor",
            "metadata": [
              {
                "annotations": {},
                "generate_name": "",
                "generation": 0,
                "labels": {},
                "name": "harbor",
                "resource_version": "12116",
                "uid": "db9eefdc-da43-4662-b8bc-09f80477518c"
              }
            ],
            "timeouts": null
          },
          "sensitive_attributes": [],
          "private": "eyJlMmJmYjczMC1lY2FhLTExZTYtOGY4OC0zNDM2M2JjN2M0YzAiOnsiZGVsZXRlIjozMDAwMDAwMDAwMDB9fQ==",
          "dependencies": [
            "azuread_application.app_velero",
            "azuread_group.aks_admins",
            "azuread_service_principal.spn_velero",
            "azuread_service_principal_password.password_spn_velero",
            "azurerm_application_gateway.appgw",
            "azurerm_kubernetes_cluster.aks",
            "azurerm_public_ip.pip",
            "azurerm_resource_group.rg",
            "azurerm_subnet.subnetappgw",
            "azurerm_subnet.subnetnodes",
            "azurerm_subnet.subnetpods",
            "azurerm_user_assigned_identity.identity-aks",
            "azurerm_user_assigned_identity.identity-kubelet",
            "azurerm_virtual_network.vnet",
            "data.azuread_client_config.current",
            "data.azuread_service_principal.aks_aad_server",
            "data.azurerm_subscription.current"
          ]
        }
      ]
    },
    {
      "mode": "managed",
      "type": "kubernetes_namespace",
      "name": "keda",
      "provider": "provider[\"registry.terraform.io/hashicorp/kubernetes\"].aks-module",
      "instances": [
        {
          "schema_version": 0,
          "attributes": {
            "id": "keda",
            "metadata": [
              {
                "annotations": {},
                "generate_name": "",
                "generation": 0,
                "labels": {},
                "name": "keda",
                "resource_version": "12118",
                "uid": "dbabe1b4-2520-45b0-adb9-a2dffc7df9fd"
              }
            ],
            "timeouts": null
          },
          "sensitive_attributes": [],
          "private": "eyJlMmJmYjczMC1lY2FhLTExZTYtOGY4OC0zNDM2M2JjN2M0YzAiOnsiZGVsZXRlIjozMDAwMDAwMDAwMDB9fQ==",
          "dependencies": [
            "azuread_application.app_velero",
            "azuread_group.aks_admins",
            "azuread_service_principal.spn_velero",
            "azuread_service_principal_password.password_spn_velero",
            "azurerm_application_gateway.appgw",
            "azurerm_kubernetes_cluster.aks",
            "azurerm_public_ip.pip",
            "azurerm_resource_group.rg",
            "azurerm_subnet.subnetappgw",
            "azurerm_subnet.subnetnodes",
            "azurerm_subnet.subnetpods",
            "azurerm_user_assigned_identity.identity-aks",
            "azurerm_user_assigned_identity.identity-kubelet",
            "azurerm_virtual_network.vnet",
            "data.azuread_client_config.current",
            "data.azuread_service_principal.aks_aad_server",
            "data.azurerm_subscription.current"
          ]
        }
      ]
    },
    {
      "mode": "managed",
      "type": "kubernetes_namespace",
      "name": "kubecost",
      "provider": "provider[\"registry.terraform.io/hashicorp/kubernetes\"].aks-module",
      "instances": [
        {
          "schema_version": 0,
          "attributes": {
            "id": "kubecost",
            "metadata": [
              {
                "annotations": {},
                "generate_name": "",
                "generation": 0,
                "labels": {},
                "name": "kubecost",
                "resource_version": "12121",
                "uid": "79618cef-c8fe-4303-b086-660b37c2d3e1"
              }
            ],
            "timeouts": null
          },
          "sensitive_attributes": [],
          "private": "eyJlMmJmYjczMC1lY2FhLTExZTYtOGY4OC0zNDM2M2JjN2M0YzAiOnsiZGVsZXRlIjozMDAwMDAwMDAwMDB9fQ==",
          "dependencies": [
            "azuread_application.app_velero",
            "azuread_group.aks_admins",
            "azuread_service_principal.spn_velero",
            "azuread_service_principal_password.password_spn_velero",
            "azurerm_application_gateway.appgw",
            "azurerm_kubernetes_cluster.aks",
            "azurerm_public_ip.pip",
            "azurerm_resource_group.rg",
            "azurerm_subnet.subnetappgw",
            "azurerm_subnet.subnetnodes",
            "azurerm_subnet.subnetpods",
            "azurerm_user_assigned_identity.identity-aks",
            "azurerm_user_assigned_identity.identity-kubelet",
            "azurerm_virtual_network.vnet",
            "data.azuread_client_config.current",
            "data.azuread_service_principal.aks_aad_server",
            "data.azurerm_subscription.current"
          ]
        }
      ]
    },
    {
      "mode": "managed",
      "type": "kubernetes_namespace",
      "name": "nginx_ingress",
      "provider": "provider[\"registry.terraform.io/hashicorp/kubernetes\"].aks-module",
      "instances": [
        {
          "schema_version": 0,
          "attributes": {
            "id": "ingress",
            "metadata": [
              {
                "annotations": {},
                "generate_name": "",
                "generation": 0,
                "labels": {},
                "name": "ingress",
                "resource_version": "12120",
                "uid": "195b8934-950e-4c9f-947a-5a933ebdfd61"
              }
            ],
            "timeouts": null
          },
          "sensitive_attributes": [],
          "private": "eyJlMmJmYjczMC1lY2FhLTExZTYtOGY4OC0zNDM2M2JjN2M0YzAiOnsiZGVsZXRlIjozMDAwMDAwMDAwMDB9fQ==",
          "dependencies": [
            "azuread_application.app_velero",
            "azuread_group.aks_admins",
            "azuread_service_principal.spn_velero",
            "azuread_service_principal_password.password_spn_velero",
            "azurerm_application_gateway.appgw",
            "azurerm_kubernetes_cluster.aks",
            "azurerm_public_ip.pip",
            "azurerm_resource_group.rg",
            "azurerm_subnet.subnetappgw",
            "azurerm_subnet.subnetnodes",
            "azurerm_subnet.subnetpods",
            "azurerm_user_assigned_identity.identity-aks",
            "azurerm_user_assigned_identity.identity-kubelet",
            "azurerm_virtual_network.vnet",
            "data.azuread_client_config.current",
            "data.azuread_service_principal.aks_aad_server",
            "data.azurerm_subscription.current"
          ]
        }
      ]
    },
    {
      "mode": "managed",
      "type": "kubernetes_namespace",
      "name": "prometheus_stack",
      "provider": "provider[\"registry.terraform.io/hashicorp/kubernetes\"].aks-module",
      "instances": [
        {
          "schema_version": 0,
          "attributes": {
            "id": "monitoring",
            "metadata": [
              {
                "annotations": {},
                "generate_name": "",
                "generation": 0,
                "labels": {},
                "name": "monitoring",
                "resource_version": "12122",
                "uid": "f042d352-c080-4e64-a77c-88a56b21c518"
              }
            ],
            "timeouts": null
          },
          "sensitive_attributes": [],
          "private": "eyJlMmJmYjczMC1lY2FhLTExZTYtOGY4OC0zNDM2M2JjN2M0YzAiOnsiZGVsZXRlIjozMDAwMDAwMDAwMDB9fQ==",
          "dependencies": [
            "azuread_application.app_velero",
            "azuread_group.aks_admins",
            "azuread_service_principal.spn_velero",
            "azuread_service_principal_password.password_spn_velero",
            "azurerm_application_gateway.appgw",
            "azurerm_kubernetes_cluster.aks",
            "azurerm_public_ip.pip",
            "azurerm_resource_group.rg",
            "azurerm_subnet.subnetappgw",
            "azurerm_subnet.subnetnodes",
            "azurerm_subnet.subnetpods",
            "azurerm_user_assigned_identity.identity-aks",
            "azurerm_user_assigned_identity.identity-kubelet",
            "azurerm_virtual_network.vnet",
            "data.azuread_client_config.current",
            "data.azuread_service_principal.aks_aad_server",
            "data.azurerm_subscription.current"
          ]
        }
      ]
    }
  ]
}
