{
  "version": 4,
  "terraform_version": "1.5.1",
  "serial": 74,
  "lineage": "795602b5-cb5e-1cbe-c0b0-bcb19b9f61bf",
  "outputs": {
    "diagnostic_settings": {
      "value": [
        "virtualMachines / rg-lzaks-hub-vm-linux / vm-jumpbox-linux",
        "networkInterfaces / rg-lzaks-hub-vm-linux / nic-vm",
        "azureFirewalls / rg-lzaks-hub / firewall-hub",
        "bastionHosts / rg-lzaks-hub / bastion-host",
        "networkSecurityGroups / rg-lzaks-hub / vnet-hub-AzureBastionSubnet-nsg-westeurope",
        "networkSecurityGroups / rg-lzaks-hub / vnet-hub-subnet-vm-nsg-westeurope",
        "publicIPAddresses / rg-lzaks-hub / public-ip-bastion",
        "publicIPAddresses / rg-lzaks-hub / public-ip-firewall",
        "virtualNetworks / rg-lzaks-hub / vnet-hub",
        "workspaces / rg-lzaks-management / loganalyticsforaks011",
        "managedClusters / rg-lzaks-spoke-aks-cluster / aks-lzaks-cluster",
        "registries / rg-lzaks-spoke-aks-infra / acrforakstf01357",
        "vaults / rg-lzaks-spoke-aks-infra / kvforakslz01357",
        "applicationGateways / rg-lzaks-spoke-aks-infra / appgw-aks",
        "networkInterfaces / rg-lzaks-spoke-aks-infra / private-endpoint-acr.nic.2e63ab13-43c0-4e33-957f-48370304318e",
        "networkInterfaces / rg-lzaks-spoke-aks-infra / private-endpoint-keyvault.nic.900f04bd-7020-4f51-952f-e0563f96093b",
        "networkInterfaces / rg-lzaks-spoke-aks-infra / private-endpoint-storage.nic.6b3fcc0b-e630-414e-960b-616df77495cb",
        "networkSecurityGroups / rg-lzaks-spoke-aks-infra / vnet-spoke-aks-subnet-apiserver-nsg-westeurope",
        "networkSecurityGroups / rg-lzaks-spoke-aks-infra / vnet-spoke-aks-subnet-appgw-nsg-westeurope",
        "networkSecurityGroups / rg-lzaks-spoke-aks-infra / vnet-spoke-aks-subnet-nodes-nsg-westeurope",
        "networkSecurityGroups / rg-lzaks-spoke-aks-infra / vnet-spoke-aks-subnet-nodes-poolappsamd-nsg-westeurope",
        "networkSecurityGroups / rg-lzaks-spoke-aks-infra / vnet-spoke-aks-subnet-nodes-poolappsarm-nsg-westeurope",
        "networkSecurityGroups / rg-lzaks-spoke-aks-infra / vnet-spoke-aks-subnet-pods-nsg-westeurope",
        "networkSecurityGroups / rg-lzaks-spoke-aks-infra / vnet-spoke-aks-subnet-pods-poolappsamd-nsg-westeurope",
        "networkSecurityGroups / rg-lzaks-spoke-aks-infra / vnet-spoke-aks-subnet-pods-poolappsarm-nsg-westeurope",
        "networkSecurityGroups / rg-lzaks-spoke-aks-infra / vnet-spoke-aks-subnet-spoke-aks-pe-nsg-westeurope",
        "publicIPAddresses / rg-lzaks-spoke-aks-infra / public-ip-appgw",
        "virtualNetworks / rg-lzaks-spoke-aks-infra / vnet-spoke-aks",
        "storageAccounts / rg-lzaks-spoke-aks-infra / storageforaks01357",
        "loadBalancers / rg-lzaks-spoke-aks-nodes / kube-apiserver",
        "networkSecurityGroups / rg-lzaks-spoke-aks-nodes / aks-agentpool-35064155-nsg",
        "virtualMachines / rg-lzaks-spoke-mgt-vm-linux / vm-jumpbox-linux",
        "networkInterfaces / rg-lzaks-spoke-mgt-vm-linux / nic-vm",
        "virtualMachines / rg-lzaks-spoke-mgt-vm-windows / vm-jumpbox-win",
        "networkInterfaces / rg-lzaks-spoke-mgt-vm-windows / nic-vm-jumpbox-windows",
        "virtualMachines / rg-lzaks-spoke-mgt-wcus-spoke-mgt-wcus-linux / vm-jumpbox-linux",
        "networkInterfaces / rg-lzaks-spoke-mgt-wcus-spoke-mgt-wcus-linux / nic-vm",
        "virtualMachines / rg-lzaks-spoke-mgt-wcus-spoke-mgt-wcus-windows / vm-jumpbox-win",
        "networkInterfaces / rg-lzaks-spoke-mgt-wcus-spoke-mgt-wcus-windows / nic-vm-jumpbox-windows",
        "networkSecurityGroups / rg-lzaks-spoke-mgt-wcus-spoke-mgt-wcus / vnet-lzaks-spoke-mgt-wcus-subnet-vm-nsg-westcentralus",
        "virtualNetworks / rg-lzaks-spoke-mgt-wcus-spoke-mgt-wcus / vnet-lzaks-spoke-mgt-wcus",
        "networkSecurityGroups / rg-lzaks-spoke-mgt / vnet-lzaks-spoke-mgt-subnet-vm-nsg-westeurope",
        "virtualNetworks / rg-lzaks-spoke-mgt / vnet-lzaks-spoke-mgt"
      ],
      "type": [
        "tuple",
        [
          "string",
          "string",
          "string",
          "string",
          "string",
          "string",
          "string",
          "string",
          "string",
          "string",
          "string",
          "string",
          "string",
          "string",
          "string",
          "string",
          "string",
          "string",
          "string",
          "string",
          "string",
          "string",
          "string",
          "string",
          "string",
          "string",
          "string",
          "string",
          "string",
          "string",
          "string",
          "string",
          "string",
          "string",
          "string",
          "string",
          "string",
          "string",
          "string",
          "string",
          "string",
          "string",
          "string"
        ]
      ]
    },
    "flow_log": {
      "value": [
        "networkSecurityGroups / rg-lzaks-spoke-aks-nodes / aks-agentpool-35064155-nsg",
        "networkSecurityGroups / rg-lzaks-hub / vnet-hub-AzureBastionSubnet-nsg-westeurope",
        "networkSecurityGroups / rg-lzaks-hub / vnet-hub-subnet-vm-nsg-westeurope",
        "networkSecurityGroups / rg-lzaks-spoke-mgt / vnet-lzaks-spoke-mgt-subnet-vm-nsg-westeurope",
        "networkSecurityGroups / rg-lzaks-spoke-mgt-wcus-spoke-mgt-wcus / vnet-lzaks-spoke-mgt-wcus-subnet-vm-nsg-westcentralus",
        "networkSecurityGroups / rg-lzaks-spoke-aks-infra / vnet-spoke-aks-subnet-apiserver-nsg-westeurope",
        "networkSecurityGroups / rg-lzaks-spoke-aks-infra / vnet-spoke-aks-subnet-appgw-nsg-westeurope",
        "networkSecurityGroups / rg-lzaks-spoke-aks-infra / vnet-spoke-aks-subnet-nodes-nsg-westeurope",
        "networkSecurityGroups / rg-lzaks-spoke-aks-infra / vnet-spoke-aks-subnet-nodes-poolappsamd-nsg-westeurope",
        "networkSecurityGroups / rg-lzaks-spoke-aks-infra / vnet-spoke-aks-subnet-nodes-poolappsarm-nsg-westeurope",
        "networkSecurityGroups / rg-lzaks-spoke-aks-infra / vnet-spoke-aks-subnet-pods-nsg-westeurope",
        "networkSecurityGroups / rg-lzaks-spoke-aks-infra / vnet-spoke-aks-subnet-pods-poolappsamd-nsg-westeurope",
        "networkSecurityGroups / rg-lzaks-spoke-aks-infra / vnet-spoke-aks-subnet-pods-poolappsarm-nsg-westeurope",
        "networkSecurityGroups / rg-lzaks-spoke-aks-infra / vnet-spoke-aks-subnet-spoke-aks-pe-nsg-westeurope"
      ],
      "type": [
        "tuple",
        [
          "string",
          "string",
          "string",
          "string",
          "string",
          "string",
          "string",
          "string",
          "string",
          "string",
          "string",
          "string",
          "string",
          "string"
        ]
      ]
    }
  },
  "resources": [
    {
      "mode": "data",
      "type": "azurerm_network_watcher",
      "name": "network_watcher_regional",
      "provider": "provider[\"registry.terraform.io/hashicorp/azurerm\"]",
      "instances": [
        {
          "schema_version": 0,
          "attributes": {
            "id": "/subscriptions/82f6d75e-85f4-434a-ab74-5dddd9fa8910/resourceGroups/NetworkWatcherRG/providers/Microsoft.Network/networkWatchers/NetworkWatcher_westeurope",
            "location": "westeurope",
            "name": "NetworkWatcher_westeurope",
            "resource_group_name": "NetworkWatcherRG",
            "tags": {},
            "timeouts": null
          },
          "sensitive_attributes": []
        }
      ]
    },
    {
      "mode": "data",
      "type": "azurerm_resources",
      "name": "nsg_flowlogs",
      "provider": "provider[\"registry.terraform.io/hashicorp/azurerm\"]",
      "instances": [
        {
          "schema_version": 0,
          "attributes": {
            "id": "resource-641dafcd-f8e7-4fc6-9807-50ff3a963d5c",
            "name": null,
            "required_tags": {
              "architecture": "Hub\u0026Spoke",
              "environment": "development",
              "source": "terraform"
            },
            "resource_group_name": null,
            "resources": [
              {
                "id": "/subscriptions/82f6d75e-85f4-434a-ab74-5dddd9fa8910/resourceGroups/rg-lzaks-hub/providers/Microsoft.Network/networkSecurityGroups/vnet-hub-AzureBastionSubnet-nsg-westeurope",
                "location": "westeurope",
                "name": "vnet-hub-AzureBastionSubnet-nsg-westeurope",
                "resource_group_name": "rg-lzaks-hub",
                "tags": {
                  "architecture": "Hub\u0026Spoke",
                  "environment": "development",
                  "source": "terraform"
                },
                "type": "Microsoft.Network/networkSecurityGroups"
              },
              {
                "id": "/subscriptions/82f6d75e-85f4-434a-ab74-5dddd9fa8910/resourceGroups/rg-lzaks-hub/providers/Microsoft.Network/networkSecurityGroups/vnet-hub-subnet-vm-nsg-westeurope",
                "location": "westeurope",
                "name": "vnet-hub-subnet-vm-nsg-westeurope",
                "resource_group_name": "rg-lzaks-hub",
                "tags": {
                  "architecture": "Hub\u0026Spoke",
                  "environment": "development",
                  "source": "terraform"
                },
                "type": "Microsoft.Network/networkSecurityGroups"
              },
              {
                "id": "/subscriptions/82f6d75e-85f4-434a-ab74-5dddd9fa8910/resourceGroups/rg-lzaks-spoke-aks-infra/providers/Microsoft.Network/networkSecurityGroups/vnet-spoke-aks-subnet-apiserver-nsg-westeurope",
                "location": "westeurope",
                "name": "vnet-spoke-aks-subnet-apiserver-nsg-westeurope",
                "resource_group_name": "rg-lzaks-spoke-aks-infra",
                "tags": {
                  "architecture": "Hub\u0026Spoke",
                  "environment": "development",
                  "source": "terraform"
                },
                "type": "Microsoft.Network/networkSecurityGroups"
              },
              {
                "id": "/subscriptions/82f6d75e-85f4-434a-ab74-5dddd9fa8910/resourceGroups/rg-lzaks-spoke-aks-infra/providers/Microsoft.Network/networkSecurityGroups/vnet-spoke-aks-subnet-appgw-nsg-westeurope",
                "location": "westeurope",
                "name": "vnet-spoke-aks-subnet-appgw-nsg-westeurope",
                "resource_group_name": "rg-lzaks-spoke-aks-infra",
                "tags": {
                  "architecture": "Hub\u0026Spoke",
                  "environment": "development",
                  "source": "terraform"
                },
                "type": "Microsoft.Network/networkSecurityGroups"
              },
              {
                "id": "/subscriptions/82f6d75e-85f4-434a-ab74-5dddd9fa8910/resourceGroups/rg-lzaks-spoke-aks-infra/providers/Microsoft.Network/networkSecurityGroups/vnet-spoke-aks-subnet-nodes-nsg-westeurope",
                "location": "westeurope",
                "name": "vnet-spoke-aks-subnet-nodes-nsg-westeurope",
                "resource_group_name": "rg-lzaks-spoke-aks-infra",
                "tags": {
                  "architecture": "Hub\u0026Spoke",
                  "environment": "development",
                  "source": "terraform"
                },
                "type": "Microsoft.Network/networkSecurityGroups"
              },
              {
                "id": "/subscriptions/82f6d75e-85f4-434a-ab74-5dddd9fa8910/resourceGroups/rg-lzaks-spoke-aks-infra/providers/Microsoft.Network/networkSecurityGroups/vnet-spoke-aks-subnet-nodes-poolappsamd-nsg-westeurope",
                "location": "westeurope",
                "name": "vnet-spoke-aks-subnet-nodes-poolappsamd-nsg-westeurope",
                "resource_group_name": "rg-lzaks-spoke-aks-infra",
                "tags": {
                  "architecture": "Hub\u0026Spoke",
                  "environment": "development",
                  "source": "terraform"
                },
                "type": "Microsoft.Network/networkSecurityGroups"
              },
              {
                "id": "/subscriptions/82f6d75e-85f4-434a-ab74-5dddd9fa8910/resourceGroups/rg-lzaks-spoke-aks-infra/providers/Microsoft.Network/networkSecurityGroups/vnet-spoke-aks-subnet-nodes-poolappsarm-nsg-westeurope",
                "location": "westeurope",
                "name": "vnet-spoke-aks-subnet-nodes-poolappsarm-nsg-westeurope",
                "resource_group_name": "rg-lzaks-spoke-aks-infra",
                "tags": {
                  "architecture": "Hub\u0026Spoke",
                  "environment": "development",
                  "source": "terraform"
                },
                "type": "Microsoft.Network/networkSecurityGroups"
              },
              {
                "id": "/subscriptions/82f6d75e-85f4-434a-ab74-5dddd9fa8910/resourceGroups/rg-lzaks-spoke-aks-infra/providers/Microsoft.Network/networkSecurityGroups/vnet-spoke-aks-subnet-pods-nsg-westeurope",
                "location": "westeurope",
                "name": "vnet-spoke-aks-subnet-pods-nsg-westeurope",
                "resource_group_name": "rg-lzaks-spoke-aks-infra",
                "tags": {
                  "architecture": "Hub\u0026Spoke",
                  "environment": "development",
                  "source": "terraform"
                },
                "type": "Microsoft.Network/networkSecurityGroups"
              },
              {
                "id": "/subscriptions/82f6d75e-85f4-434a-ab74-5dddd9fa8910/resourceGroups/rg-lzaks-spoke-aks-infra/providers/Microsoft.Network/networkSecurityGroups/vnet-spoke-aks-subnet-pods-poolappsamd-nsg-westeurope",
                "location": "westeurope",
                "name": "vnet-spoke-aks-subnet-pods-poolappsamd-nsg-westeurope",
                "resource_group_name": "rg-lzaks-spoke-aks-infra",
                "tags": {
                  "architecture": "Hub\u0026Spoke",
                  "environment": "development",
                  "source": "terraform"
                },
                "type": "Microsoft.Network/networkSecurityGroups"
              },
              {
                "id": "/subscriptions/82f6d75e-85f4-434a-ab74-5dddd9fa8910/resourceGroups/rg-lzaks-spoke-aks-infra/providers/Microsoft.Network/networkSecurityGroups/vnet-spoke-aks-subnet-pods-poolappsarm-nsg-westeurope",
                "location": "westeurope",
                "name": "vnet-spoke-aks-subnet-pods-poolappsarm-nsg-westeurope",
                "resource_group_name": "rg-lzaks-spoke-aks-infra",
                "tags": {
                  "architecture": "Hub\u0026Spoke",
                  "environment": "development",
                  "source": "terraform"
                },
                "type": "Microsoft.Network/networkSecurityGroups"
              },
              {
                "id": "/subscriptions/82f6d75e-85f4-434a-ab74-5dddd9fa8910/resourceGroups/rg-lzaks-spoke-aks-infra/providers/Microsoft.Network/networkSecurityGroups/vnet-spoke-aks-subnet-spoke-aks-pe-nsg-westeurope",
                "location": "westeurope",
                "name": "vnet-spoke-aks-subnet-spoke-aks-pe-nsg-westeurope",
                "resource_group_name": "rg-lzaks-spoke-aks-infra",
                "tags": {
                  "architecture": "Hub\u0026Spoke",
                  "environment": "development",
                  "source": "terraform"
                },
                "type": "Microsoft.Network/networkSecurityGroups"
              },
              {
                "id": "/subscriptions/82f6d75e-85f4-434a-ab74-5dddd9fa8910/resourceGroups/rg-lzaks-spoke-aks-nodes/providers/Microsoft.Network/networkSecurityGroups/aks-agentpool-35064155-nsg",
                "location": "westeurope",
                "name": "aks-agentpool-35064155-nsg",
                "resource_group_name": "rg-lzaks-spoke-aks-nodes",
                "tags": {
                  "architecture": "Hub\u0026Spoke",
                  "environment": "development",
                  "source": "terraform"
                },
                "type": "Microsoft.Network/networkSecurityGroups"
              },
              {
                "id": "/subscriptions/82f6d75e-85f4-434a-ab74-5dddd9fa8910/resourceGroups/rg-lzaks-spoke-mgt/providers/Microsoft.Network/networkSecurityGroups/vnet-lzaks-spoke-mgt-subnet-vm-nsg-westeurope",
                "location": "westeurope",
                "name": "vnet-lzaks-spoke-mgt-subnet-vm-nsg-westeurope",
                "resource_group_name": "rg-lzaks-spoke-mgt",
                "tags": {
                  "architecture": "Hub\u0026Spoke",
                  "environment": "development",
                  "source": "terraform"
                },
                "type": "Microsoft.Network/networkSecurityGroups"
              },
              {
                "id": "/subscriptions/82f6d75e-85f4-434a-ab74-5dddd9fa8910/resourceGroups/rg-lzaks-spoke-mgt-wcus-spoke-mgt-wcus/providers/Microsoft.Network/networkSecurityGroups/vnet-lzaks-spoke-mgt-wcus-subnet-vm-nsg-westcentralus",
                "location": "westcentralus",
                "name": "vnet-lzaks-spoke-mgt-wcus-subnet-vm-nsg-westcentralus",
                "resource_group_name": "rg-lzaks-spoke-mgt-wcus-spoke-mgt-wcus",
                "tags": {
                  "architecture": "Hub\u0026Spoke",
                  "environment": "development",
                  "source": "terraform"
                },
                "type": "Microsoft.Network/networkSecurityGroups"
              }
            ],
            "timeouts": null,
            "type": "Microsoft.Network/networkSecurityGroups"
          },
          "sensitive_attributes": []
        }
      ]
    },
    {
      "mode": "data",
      "type": "azurerm_resources",
      "name": "resources_ds",
      "provider": "provider[\"registry.terraform.io/hashicorp/azurerm\"]",
      "instances": [
        {
          "index_key": "Microsoft.Compute/virtualMachines",
          "schema_version": 0,
          "attributes": {
            "id": "resource-087fcda7-b66b-4ee0-bc4a-dbc4759e2553",
            "name": null,
            "required_tags": {
              "architecture": "Hub\u0026Spoke",
              "environment": "development",
              "source": "terraform"
            },
            "resource_group_name": null,
            "resources": [
              {
                "id": "/subscriptions/82f6d75e-85f4-434a-ab74-5dddd9fa8910/resourceGroups/rg-lzaks-hub-vm-linux/providers/Microsoft.Compute/virtualMachines/vm-jumpbox-linux",
                "location": "westeurope",
                "name": "vm-jumpbox-linux",
                "resource_group_name": "rg-lzaks-hub-vm-linux",
                "tags": {
                  "architecture": "Hub\u0026Spoke",
                  "environment": "development",
                  "source": "terraform"
                },
                "type": "Microsoft.Compute/virtualMachines"
              },
              {
                "id": "/subscriptions/82f6d75e-85f4-434a-ab74-5dddd9fa8910/resourceGroups/rg-lzaks-spoke-mgt-vm-linux/providers/Microsoft.Compute/virtualMachines/vm-jumpbox-linux",
                "location": "westeurope",
                "name": "vm-jumpbox-linux",
                "resource_group_name": "rg-lzaks-spoke-mgt-vm-linux",
                "tags": {
                  "architecture": "Hub\u0026Spoke",
                  "environment": "development",
                  "source": "terraform"
                },
                "type": "Microsoft.Compute/virtualMachines"
              },
              {
                "id": "/subscriptions/82f6d75e-85f4-434a-ab74-5dddd9fa8910/resourceGroups/rg-lzaks-spoke-mgt-vm-windows/providers/Microsoft.Compute/virtualMachines/vm-jumpbox-win",
                "location": "westeurope",
                "name": "vm-jumpbox-win",
                "resource_group_name": "rg-lzaks-spoke-mgt-vm-windows",
                "tags": {
                  "architecture": "Hub\u0026Spoke",
                  "environment": "development",
                  "source": "terraform"
                },
                "type": "Microsoft.Compute/virtualMachines"
              },
              {
                "id": "/subscriptions/82f6d75e-85f4-434a-ab74-5dddd9fa8910/resourceGroups/rg-lzaks-spoke-mgt-wcus-spoke-mgt-wcus-linux/providers/Microsoft.Compute/virtualMachines/vm-jumpbox-linux",
                "location": "westcentralus",
                "name": "vm-jumpbox-linux",
                "resource_group_name": "rg-lzaks-spoke-mgt-wcus-spoke-mgt-wcus-linux",
                "tags": {
                  "architecture": "Hub\u0026Spoke",
                  "environment": "development",
                  "source": "terraform"
                },
                "type": "Microsoft.Compute/virtualMachines"
              },
              {
                "id": "/subscriptions/82f6d75e-85f4-434a-ab74-5dddd9fa8910/resourceGroups/rg-lzaks-spoke-mgt-wcus-spoke-mgt-wcus-windows/providers/Microsoft.Compute/virtualMachines/vm-jumpbox-win",
                "location": "westcentralus",
                "name": "vm-jumpbox-win",
                "resource_group_name": "rg-lzaks-spoke-mgt-wcus-spoke-mgt-wcus-windows",
                "tags": {
                  "architecture": "Hub\u0026Spoke",
                  "environment": "development",
                  "source": "terraform"
                },
                "type": "Microsoft.Compute/virtualMachines"
              }
            ],
            "timeouts": null,
            "type": "Microsoft.Compute/virtualMachines"
          },
          "sensitive_attributes": []
        },
        {
          "index_key": "Microsoft.ContainerRegistry/registries",
          "schema_version": 0,
          "attributes": {
            "id": "resource-041a7aba-afb5-442e-b191-3994377e001e",
            "name": null,
            "required_tags": {
              "architecture": "Hub\u0026Spoke",
              "environment": "development",
              "source": "terraform"
            },
            "resource_group_name": null,
            "resources": [
              {
                "id": "/subscriptions/82f6d75e-85f4-434a-ab74-5dddd9fa8910/resourceGroups/rg-lzaks-spoke-aks-infra/providers/Microsoft.ContainerRegistry/registries/acrforakstf01357",
                "location": "westeurope",
                "name": "acrforakstf01357",
                "resource_group_name": "rg-lzaks-spoke-aks-infra",
                "tags": {
                  "architecture": "Hub\u0026Spoke",
                  "environment": "development",
                  "source": "terraform"
                },
                "type": "Microsoft.ContainerRegistry/registries"
              }
            ],
            "timeouts": null,
            "type": "Microsoft.ContainerRegistry/registries"
          },
          "sensitive_attributes": []
        },
        {
          "index_key": "Microsoft.ContainerService/managedClusters",
          "schema_version": 0,
          "attributes": {
            "id": "resource-a552714d-d21f-404a-bc8c-6f0c42af3ba0",
            "name": null,
            "required_tags": {
              "architecture": "Hub\u0026Spoke",
              "environment": "development",
              "source": "terraform"
            },
            "resource_group_name": null,
            "resources": [
              {
                "id": "/subscriptions/82f6d75e-85f4-434a-ab74-5dddd9fa8910/resourceGroups/rg-lzaks-spoke-aks-cluster/providers/Microsoft.ContainerService/managedClusters/aks-lzaks-cluster",
                "location": "westeurope",
                "name": "aks-lzaks-cluster",
                "resource_group_name": "rg-lzaks-spoke-aks-cluster",
                "tags": {
                  "architecture": "Hub\u0026Spoke",
                  "environment": "development",
                  "source": "terraform"
                },
                "type": "Microsoft.ContainerService/managedClusters"
              }
            ],
            "timeouts": null,
            "type": "Microsoft.ContainerService/managedClusters"
          },
          "sensitive_attributes": []
        },
        {
          "index_key": "Microsoft.KeyVault/vaults",
          "schema_version": 0,
          "attributes": {
            "id": "resource-e89bab62-e5de-4d72-a1bb-04d1f956f677",
            "name": null,
            "required_tags": {
              "architecture": "Hub\u0026Spoke",
              "environment": "development",
              "source": "terraform"
            },
            "resource_group_name": null,
            "resources": [
              {
                "id": "/subscriptions/82f6d75e-85f4-434a-ab74-5dddd9fa8910/resourceGroups/rg-lzaks-spoke-aks-infra/providers/Microsoft.KeyVault/vaults/kvforakslz01357",
                "location": "westeurope",
                "name": "kvforakslz01357",
                "resource_group_name": "rg-lzaks-spoke-aks-infra",
                "tags": {
                  "architecture": "Hub\u0026Spoke",
                  "environment": "development",
                  "source": "terraform"
                },
                "type": "Microsoft.KeyVault/vaults"
              }
            ],
            "timeouts": null,
            "type": "Microsoft.KeyVault/vaults"
          },
          "sensitive_attributes": []
        },
        {
          "index_key": "Microsoft.Network/applicationGateways",
          "schema_version": 0,
          "attributes": {
            "id": "resource-2d26021b-f240-4ed7-b2da-b75a218a421e",
            "name": null,
            "required_tags": {
              "architecture": "Hub\u0026Spoke",
              "environment": "development",
              "source": "terraform"
            },
            "resource_group_name": null,
            "resources": [
              {
                "id": "/subscriptions/82f6d75e-85f4-434a-ab74-5dddd9fa8910/resourceGroups/rg-lzaks-spoke-aks-infra/providers/Microsoft.Network/applicationGateways/appgw-aks",
                "location": "westeurope",
                "name": "appgw-aks",
                "resource_group_name": "rg-lzaks-spoke-aks-infra",
                "tags": {
                  "architecture": "Hub\u0026Spoke",
                  "environment": "development",
                  "source": "terraform"
                },
                "type": "Microsoft.Network/applicationGateways"
              }
            ],
            "timeouts": null,
            "type": "Microsoft.Network/applicationGateways"
          },
          "sensitive_attributes": []
        },
        {
          "index_key": "Microsoft.Network/azureFirewalls",
          "schema_version": 0,
          "attributes": {
            "id": "resource-6189add1-2fc7-4448-9006-839a554356c7",
            "name": null,
            "required_tags": {
              "architecture": "Hub\u0026Spoke",
              "environment": "development",
              "source": "terraform"
            },
            "resource_group_name": null,
            "resources": [
              {
                "id": "/subscriptions/82f6d75e-85f4-434a-ab74-5dddd9fa8910/resourceGroups/rg-lzaks-hub/providers/Microsoft.Network/azureFirewalls/firewall-hub",
                "location": "westeurope",
                "name": "firewall-hub",
                "resource_group_name": "rg-lzaks-hub",
                "tags": {
                  "architecture": "Hub\u0026Spoke",
                  "environment": "development",
                  "source": "terraform"
                },
                "type": "Microsoft.Network/azureFirewalls"
              }
            ],
            "timeouts": null,
            "type": "Microsoft.Network/azureFirewalls"
          },
          "sensitive_attributes": []
        },
        {
          "index_key": "Microsoft.Network/bastionHosts",
          "schema_version": 0,
          "attributes": {
            "id": "resource-8c7c3116-113f-4ec5-a859-01b64a33991c",
            "name": null,
            "required_tags": {
              "architecture": "Hub\u0026Spoke",
              "environment": "development",
              "source": "terraform"
            },
            "resource_group_name": null,
            "resources": [
              {
                "id": "/subscriptions/82f6d75e-85f4-434a-ab74-5dddd9fa8910/resourceGroups/rg-lzaks-hub/providers/Microsoft.Network/bastionHosts/bastion-host",
                "location": "westeurope",
                "name": "bastion-host",
                "resource_group_name": "rg-lzaks-hub",
                "tags": {
                  "architecture": "Hub\u0026Spoke",
                  "environment": "development",
                  "source": "terraform"
                },
                "type": "Microsoft.Network/bastionHosts"
              }
            ],
            "timeouts": null,
            "type": "Microsoft.Network/bastionHosts"
          },
          "sensitive_attributes": []
        },
        {
          "index_key": "Microsoft.Network/expressRouteCircuits",
          "schema_version": 0,
          "attributes": {
            "id": "resource-e1cb271a-f69b-4f49-96a5-0d7680841ea7",
            "name": null,
            "required_tags": {
              "architecture": "Hub\u0026Spoke",
              "environment": "development",
              "source": "terraform"
            },
            "resource_group_name": null,
            "resources": [],
            "timeouts": null,
            "type": "Microsoft.Network/expressRouteCircuits"
          },
          "sensitive_attributes": []
        },
        {
          "index_key": "Microsoft.Network/expressRouteGateways",
          "schema_version": 0,
          "attributes": {
            "id": "resource-394455c0-7720-4be9-957c-e322675d881e",
            "name": null,
            "required_tags": {
              "architecture": "Hub\u0026Spoke",
              "environment": "development",
              "source": "terraform"
            },
            "resource_group_name": null,
            "resources": [],
            "timeouts": null,
            "type": "Microsoft.Network/expressRouteGateways"
          },
          "sensitive_attributes": []
        },
        {
          "index_key": "Microsoft.Network/expressRoutePorts",
          "schema_version": 0,
          "attributes": {
            "id": "resource-73b1c0f3-70f4-410a-9fb8-cf25b98d642d",
            "name": null,
            "required_tags": {
              "architecture": "Hub\u0026Spoke",
              "environment": "development",
              "source": "terraform"
            },
            "resource_group_name": null,
            "resources": [],
            "timeouts": null,
            "type": "Microsoft.Network/expressRoutePorts"
          },
          "sensitive_attributes": []
        },
        {
          "index_key": "Microsoft.Network/loadBalancers",
          "schema_version": 0,
          "attributes": {
            "id": "resource-53c6d343-acba-44b5-a210-0e5cc6e0eccb",
            "name": null,
            "required_tags": {
              "architecture": "Hub\u0026Spoke",
              "environment": "development",
              "source": "terraform"
            },
            "resource_group_name": null,
            "resources": [
              {
                "id": "/subscriptions/82f6d75e-85f4-434a-ab74-5dddd9fa8910/resourceGroups/rg-lzaks-spoke-aks-nodes/providers/Microsoft.Network/loadBalancers/kube-apiserver",
                "location": "westeurope",
                "name": "kube-apiserver",
                "resource_group_name": "rg-lzaks-spoke-aks-nodes",
                "tags": {
                  "architecture": "Hub\u0026Spoke",
                  "environment": "development",
                  "source": "terraform"
                },
                "type": "Microsoft.Network/loadBalancers"
              }
            ],
            "timeouts": null,
            "type": "Microsoft.Network/loadBalancers"
          },
          "sensitive_attributes": []
        },
        {
          "index_key": "Microsoft.Network/networkInterfaces",
          "schema_version": 0,
          "attributes": {
            "id": "resource-2db6274d-388a-4aa9-aff6-de7cbdcfc4ca",
            "name": null,
            "required_tags": {
              "architecture": "Hub\u0026Spoke",
              "environment": "development",
              "source": "terraform"
            },
            "resource_group_name": null,
            "resources": [
              {
                "id": "/subscriptions/82f6d75e-85f4-434a-ab74-5dddd9fa8910/resourceGroups/rg-lzaks-hub-vm-linux/providers/Microsoft.Network/networkInterfaces/nic-vm",
                "location": "westeurope",
                "name": "nic-vm",
                "resource_group_name": "rg-lzaks-hub-vm-linux",
                "tags": {
                  "architecture": "Hub\u0026Spoke",
                  "environment": "development",
                  "source": "terraform"
                },
                "type": "Microsoft.Network/networkInterfaces"
              },
              {
                "id": "/subscriptions/82f6d75e-85f4-434a-ab74-5dddd9fa8910/resourceGroups/rg-lzaks-spoke-aks-infra/providers/Microsoft.Network/networkInterfaces/private-endpoint-acr.nic.2e63ab13-43c0-4e33-957f-48370304318e",
                "location": "westeurope",
                "name": "private-endpoint-acr.nic.2e63ab13-43c0-4e33-957f-48370304318e",
                "resource_group_name": "rg-lzaks-spoke-aks-infra",
                "tags": {
                  "architecture": "Hub\u0026Spoke",
                  "environment": "development",
                  "source": "terraform"
                },
                "type": "Microsoft.Network/networkInterfaces"
              },
              {
                "id": "/subscriptions/82f6d75e-85f4-434a-ab74-5dddd9fa8910/resourceGroups/rg-lzaks-spoke-aks-infra/providers/Microsoft.Network/networkInterfaces/private-endpoint-keyvault.nic.900f04bd-7020-4f51-952f-e0563f96093b",
                "location": "westeurope",
                "name": "private-endpoint-keyvault.nic.900f04bd-7020-4f51-952f-e0563f96093b",
                "resource_group_name": "rg-lzaks-spoke-aks-infra",
                "tags": {
                  "architecture": "Hub\u0026Spoke",
                  "environment": "development",
                  "source": "terraform"
                },
                "type": "Microsoft.Network/networkInterfaces"
              },
              {
                "id": "/subscriptions/82f6d75e-85f4-434a-ab74-5dddd9fa8910/resourceGroups/rg-lzaks-spoke-aks-infra/providers/Microsoft.Network/networkInterfaces/private-endpoint-storage.nic.6b3fcc0b-e630-414e-960b-616df77495cb",
                "location": "westeurope",
                "name": "private-endpoint-storage.nic.6b3fcc0b-e630-414e-960b-616df77495cb",
                "resource_group_name": "rg-lzaks-spoke-aks-infra",
                "tags": {
                  "architecture": "Hub\u0026Spoke",
                  "environment": "development",
                  "source": "terraform"
                },
                "type": "Microsoft.Network/networkInterfaces"
              },
              {
                "id": "/subscriptions/82f6d75e-85f4-434a-ab74-5dddd9fa8910/resourceGroups/rg-lzaks-spoke-mgt-vm-linux/providers/Microsoft.Network/networkInterfaces/nic-vm",
                "location": "westeurope",
                "name": "nic-vm",
                "resource_group_name": "rg-lzaks-spoke-mgt-vm-linux",
                "tags": {
                  "architecture": "Hub\u0026Spoke",
                  "environment": "development",
                  "source": "terraform"
                },
                "type": "Microsoft.Network/networkInterfaces"
              },
              {
                "id": "/subscriptions/82f6d75e-85f4-434a-ab74-5dddd9fa8910/resourceGroups/rg-lzaks-spoke-mgt-vm-windows/providers/Microsoft.Network/networkInterfaces/nic-vm-jumpbox-windows",
                "location": "westeurope",
                "name": "nic-vm-jumpbox-windows",
                "resource_group_name": "rg-lzaks-spoke-mgt-vm-windows",
                "tags": {
                  "architecture": "Hub\u0026Spoke",
                  "environment": "development",
                  "source": "terraform"
                },
                "type": "Microsoft.Network/networkInterfaces"
              },
              {
                "id": "/subscriptions/82f6d75e-85f4-434a-ab74-5dddd9fa8910/resourceGroups/rg-lzaks-spoke-mgt-wcus-spoke-mgt-wcus-linux/providers/Microsoft.Network/networkInterfaces/nic-vm",
                "location": "westcentralus",
                "name": "nic-vm",
                "resource_group_name": "rg-lzaks-spoke-mgt-wcus-spoke-mgt-wcus-linux",
                "tags": {
                  "architecture": "Hub\u0026Spoke",
                  "environment": "development",
                  "source": "terraform"
                },
                "type": "Microsoft.Network/networkInterfaces"
              },
              {
                "id": "/subscriptions/82f6d75e-85f4-434a-ab74-5dddd9fa8910/resourceGroups/rg-lzaks-spoke-mgt-wcus-spoke-mgt-wcus-windows/providers/Microsoft.Network/networkInterfaces/nic-vm-jumpbox-windows",
                "location": "westcentralus",
                "name": "nic-vm-jumpbox-windows",
                "resource_group_name": "rg-lzaks-spoke-mgt-wcus-spoke-mgt-wcus-windows",
                "tags": {
                  "architecture": "Hub\u0026Spoke",
                  "environment": "development",
                  "source": "terraform"
                },
                "type": "Microsoft.Network/networkInterfaces"
              }
            ],
            "timeouts": null,
            "type": "Microsoft.Network/networkInterfaces"
          },
          "sensitive_attributes": []
        },
        {
          "index_key": "Microsoft.Network/networkSecurityGroups",
          "schema_version": 0,
          "attributes": {
            "id": "resource-10555834-f86c-49a6-9b8d-cf3b20805c86",
            "name": null,
            "required_tags": {
              "architecture": "Hub\u0026Spoke",
              "environment": "development",
              "source": "terraform"
            },
            "resource_group_name": null,
            "resources": [
              {
                "id": "/subscriptions/82f6d75e-85f4-434a-ab74-5dddd9fa8910/resourceGroups/rg-lzaks-hub/providers/Microsoft.Network/networkSecurityGroups/vnet-hub-AzureBastionSubnet-nsg-westeurope",
                "location": "westeurope",
                "name": "vnet-hub-AzureBastionSubnet-nsg-westeurope",
                "resource_group_name": "rg-lzaks-hub",
                "tags": {
                  "architecture": "Hub\u0026Spoke",
                  "environment": "development",
                  "source": "terraform"
                },
                "type": "Microsoft.Network/networkSecurityGroups"
              },
              {
                "id": "/subscriptions/82f6d75e-85f4-434a-ab74-5dddd9fa8910/resourceGroups/rg-lzaks-hub/providers/Microsoft.Network/networkSecurityGroups/vnet-hub-subnet-vm-nsg-westeurope",
                "location": "westeurope",
                "name": "vnet-hub-subnet-vm-nsg-westeurope",
                "resource_group_name": "rg-lzaks-hub",
                "tags": {
                  "architecture": "Hub\u0026Spoke",
                  "environment": "development",
                  "source": "terraform"
                },
                "type": "Microsoft.Network/networkSecurityGroups"
              },
              {
                "id": "/subscriptions/82f6d75e-85f4-434a-ab74-5dddd9fa8910/resourceGroups/rg-lzaks-spoke-aks-infra/providers/Microsoft.Network/networkSecurityGroups/vnet-spoke-aks-subnet-apiserver-nsg-westeurope",
                "location": "westeurope",
                "name": "vnet-spoke-aks-subnet-apiserver-nsg-westeurope",
                "resource_group_name": "rg-lzaks-spoke-aks-infra",
                "tags": {
                  "architecture": "Hub\u0026Spoke",
                  "environment": "development",
                  "source": "terraform"
                },
                "type": "Microsoft.Network/networkSecurityGroups"
              },
              {
                "id": "/subscriptions/82f6d75e-85f4-434a-ab74-5dddd9fa8910/resourceGroups/rg-lzaks-spoke-aks-infra/providers/Microsoft.Network/networkSecurityGroups/vnet-spoke-aks-subnet-appgw-nsg-westeurope",
                "location": "westeurope",
                "name": "vnet-spoke-aks-subnet-appgw-nsg-westeurope",
                "resource_group_name": "rg-lzaks-spoke-aks-infra",
                "tags": {
                  "architecture": "Hub\u0026Spoke",
                  "environment": "development",
                  "source": "terraform"
                },
                "type": "Microsoft.Network/networkSecurityGroups"
              },
              {
                "id": "/subscriptions/82f6d75e-85f4-434a-ab74-5dddd9fa8910/resourceGroups/rg-lzaks-spoke-aks-infra/providers/Microsoft.Network/networkSecurityGroups/vnet-spoke-aks-subnet-nodes-nsg-westeurope",
                "location": "westeurope",
                "name": "vnet-spoke-aks-subnet-nodes-nsg-westeurope",
                "resource_group_name": "rg-lzaks-spoke-aks-infra",
                "tags": {
                  "architecture": "Hub\u0026Spoke",
                  "environment": "development",
                  "source": "terraform"
                },
                "type": "Microsoft.Network/networkSecurityGroups"
              },
              {
                "id": "/subscriptions/82f6d75e-85f4-434a-ab74-5dddd9fa8910/resourceGroups/rg-lzaks-spoke-aks-infra/providers/Microsoft.Network/networkSecurityGroups/vnet-spoke-aks-subnet-nodes-poolappsamd-nsg-westeurope",
                "location": "westeurope",
                "name": "vnet-spoke-aks-subnet-nodes-poolappsamd-nsg-westeurope",
                "resource_group_name": "rg-lzaks-spoke-aks-infra",
                "tags": {
                  "architecture": "Hub\u0026Spoke",
                  "environment": "development",
                  "source": "terraform"
                },
                "type": "Microsoft.Network/networkSecurityGroups"
              },
              {
                "id": "/subscriptions/82f6d75e-85f4-434a-ab74-5dddd9fa8910/resourceGroups/rg-lzaks-spoke-aks-infra/providers/Microsoft.Network/networkSecurityGroups/vnet-spoke-aks-subnet-nodes-poolappsarm-nsg-westeurope",
                "location": "westeurope",
                "name": "vnet-spoke-aks-subnet-nodes-poolappsarm-nsg-westeurope",
                "resource_group_name": "rg-lzaks-spoke-aks-infra",
                "tags": {
                  "architecture": "Hub\u0026Spoke",
                  "environment": "development",
                  "source": "terraform"
                },
                "type": "Microsoft.Network/networkSecurityGroups"
              },
              {
                "id": "/subscriptions/82f6d75e-85f4-434a-ab74-5dddd9fa8910/resourceGroups/rg-lzaks-spoke-aks-infra/providers/Microsoft.Network/networkSecurityGroups/vnet-spoke-aks-subnet-pods-nsg-westeurope",
                "location": "westeurope",
                "name": "vnet-spoke-aks-subnet-pods-nsg-westeurope",
                "resource_group_name": "rg-lzaks-spoke-aks-infra",
                "tags": {
                  "architecture": "Hub\u0026Spoke",
                  "environment": "development",
                  "source": "terraform"
                },
                "type": "Microsoft.Network/networkSecurityGroups"
              },
              {
                "id": "/subscriptions/82f6d75e-85f4-434a-ab74-5dddd9fa8910/resourceGroups/rg-lzaks-spoke-aks-infra/providers/Microsoft.Network/networkSecurityGroups/vnet-spoke-aks-subnet-pods-poolappsamd-nsg-westeurope",
                "location": "westeurope",
                "name": "vnet-spoke-aks-subnet-pods-poolappsamd-nsg-westeurope",
                "resource_group_name": "rg-lzaks-spoke-aks-infra",
                "tags": {
                  "architecture": "Hub\u0026Spoke",
                  "environment": "development",
                  "source": "terraform"
                },
                "type": "Microsoft.Network/networkSecurityGroups"
              },
              {
                "id": "/subscriptions/82f6d75e-85f4-434a-ab74-5dddd9fa8910/resourceGroups/rg-lzaks-spoke-aks-infra/providers/Microsoft.Network/networkSecurityGroups/vnet-spoke-aks-subnet-pods-poolappsarm-nsg-westeurope",
                "location": "westeurope",
                "name": "vnet-spoke-aks-subnet-pods-poolappsarm-nsg-westeurope",
                "resource_group_name": "rg-lzaks-spoke-aks-infra",
                "tags": {
                  "architecture": "Hub\u0026Spoke",
                  "environment": "development",
                  "source": "terraform"
                },
                "type": "Microsoft.Network/networkSecurityGroups"
              },
              {
                "id": "/subscriptions/82f6d75e-85f4-434a-ab74-5dddd9fa8910/resourceGroups/rg-lzaks-spoke-aks-infra/providers/Microsoft.Network/networkSecurityGroups/vnet-spoke-aks-subnet-spoke-aks-pe-nsg-westeurope",
                "location": "westeurope",
                "name": "vnet-spoke-aks-subnet-spoke-aks-pe-nsg-westeurope",
                "resource_group_name": "rg-lzaks-spoke-aks-infra",
                "tags": {
                  "architecture": "Hub\u0026Spoke",
                  "environment": "development",
                  "source": "terraform"
                },
                "type": "Microsoft.Network/networkSecurityGroups"
              },
              {
                "id": "/subscriptions/82f6d75e-85f4-434a-ab74-5dddd9fa8910/resourceGroups/rg-lzaks-spoke-aks-nodes/providers/Microsoft.Network/networkSecurityGroups/aks-agentpool-35064155-nsg",
                "location": "westeurope",
                "name": "aks-agentpool-35064155-nsg",
                "resource_group_name": "rg-lzaks-spoke-aks-nodes",
                "tags": {
                  "architecture": "Hub\u0026Spoke",
                  "environment": "development",
                  "source": "terraform"
                },
                "type": "Microsoft.Network/networkSecurityGroups"
              },
              {
                "id": "/subscriptions/82f6d75e-85f4-434a-ab74-5dddd9fa8910/resourceGroups/rg-lzaks-spoke-mgt/providers/Microsoft.Network/networkSecurityGroups/vnet-lzaks-spoke-mgt-subnet-vm-nsg-westeurope",
                "location": "westeurope",
                "name": "vnet-lzaks-spoke-mgt-subnet-vm-nsg-westeurope",
                "resource_group_name": "rg-lzaks-spoke-mgt",
                "tags": {
                  "architecture": "Hub\u0026Spoke",
                  "environment": "development",
                  "source": "terraform"
                },
                "type": "Microsoft.Network/networkSecurityGroups"
              },
              {
                "id": "/subscriptions/82f6d75e-85f4-434a-ab74-5dddd9fa8910/resourceGroups/rg-lzaks-spoke-mgt-wcus-spoke-mgt-wcus/providers/Microsoft.Network/networkSecurityGroups/vnet-lzaks-spoke-mgt-wcus-subnet-vm-nsg-westcentralus",
                "location": "westcentralus",
                "name": "vnet-lzaks-spoke-mgt-wcus-subnet-vm-nsg-westcentralus",
                "resource_group_name": "rg-lzaks-spoke-mgt-wcus-spoke-mgt-wcus",
                "tags": {
                  "architecture": "Hub\u0026Spoke",
                  "environment": "development",
                  "source": "terraform"
                },
                "type": "Microsoft.Network/networkSecurityGroups"
              }
            ],
            "timeouts": null,
            "type": "Microsoft.Network/networkSecurityGroups"
          },
          "sensitive_attributes": []
        },
        {
          "index_key": "Microsoft.Network/publicIPAddresses",
          "schema_version": 0,
          "attributes": {
            "id": "resource-14e53543-ae6a-4ad4-9e65-019cbb597021",
            "name": null,
            "required_tags": {
              "architecture": "Hub\u0026Spoke",
              "environment": "development",
              "source": "terraform"
            },
            "resource_group_name": null,
            "resources": [
              {
                "id": "/subscriptions/82f6d75e-85f4-434a-ab74-5dddd9fa8910/resourceGroups/rg-lzaks-hub/providers/Microsoft.Network/publicIPAddresses/public-ip-bastion",
                "location": "westeurope",
                "name": "public-ip-bastion",
                "resource_group_name": "rg-lzaks-hub",
                "tags": {
                  "architecture": "Hub\u0026Spoke",
                  "environment": "development",
                  "source": "terraform"
                },
                "type": "Microsoft.Network/publicIPAddresses"
              },
              {
                "id": "/subscriptions/82f6d75e-85f4-434a-ab74-5dddd9fa8910/resourceGroups/rg-lzaks-hub/providers/Microsoft.Network/publicIPAddresses/public-ip-firewall",
                "location": "westeurope",
                "name": "public-ip-firewall",
                "resource_group_name": "rg-lzaks-hub",
                "tags": {
                  "architecture": "Hub\u0026Spoke",
                  "environment": "development",
                  "source": "terraform"
                },
                "type": "Microsoft.Network/publicIPAddresses"
              },
              {
                "id": "/subscriptions/82f6d75e-85f4-434a-ab74-5dddd9fa8910/resourceGroups/rg-lzaks-spoke-aks-infra/providers/Microsoft.Network/publicIPAddresses/public-ip-appgw",
                "location": "westeurope",
                "name": "public-ip-appgw",
                "resource_group_name": "rg-lzaks-spoke-aks-infra",
                "tags": {
                  "architecture": "Hub\u0026Spoke",
                  "environment": "development",
                  "source": "terraform"
                },
                "type": "Microsoft.Network/publicIPAddresses"
              }
            ],
            "timeouts": null,
            "type": "Microsoft.Network/publicIPAddresses"
          },
          "sensitive_attributes": []
        },
        {
          "index_key": "Microsoft.Network/virtualNetworks",
          "schema_version": 0,
          "attributes": {
            "id": "resource-2909223c-7451-490c-a941-c0db66aa4bc0",
            "name": null,
            "required_tags": {
              "architecture": "Hub\u0026Spoke",
              "environment": "development",
              "source": "terraform"
            },
            "resource_group_name": null,
            "resources": [
              {
                "id": "/subscriptions/82f6d75e-85f4-434a-ab74-5dddd9fa8910/resourceGroups/rg-lzaks-hub/providers/Microsoft.Network/virtualNetworks/vnet-hub",
                "location": "westeurope",
                "name": "vnet-hub",
                "resource_group_name": "rg-lzaks-hub",
                "tags": {
                  "architecture": "Hub\u0026Spoke",
                  "environment": "development",
                  "source": "terraform"
                },
                "type": "Microsoft.Network/virtualNetworks"
              },
              {
                "id": "/subscriptions/82f6d75e-85f4-434a-ab74-5dddd9fa8910/resourceGroups/rg-lzaks-spoke-aks-infra/providers/Microsoft.Network/virtualNetworks/vnet-spoke-aks",
                "location": "westeurope",
                "name": "vnet-spoke-aks",
                "resource_group_name": "rg-lzaks-spoke-aks-infra",
                "tags": {
                  "architecture": "Hub\u0026Spoke",
                  "environment": "development",
                  "source": "terraform"
                },
                "type": "Microsoft.Network/virtualNetworks"
              },
              {
                "id": "/subscriptions/82f6d75e-85f4-434a-ab74-5dddd9fa8910/resourceGroups/rg-lzaks-spoke-mgt/providers/Microsoft.Network/virtualNetworks/vnet-lzaks-spoke-mgt",
                "location": "westeurope",
                "name": "vnet-lzaks-spoke-mgt",
                "resource_group_name": "rg-lzaks-spoke-mgt",
                "tags": {
                  "architecture": "Hub\u0026Spoke",
                  "environment": "development",
                  "source": "terraform"
                },
                "type": "Microsoft.Network/virtualNetworks"
              },
              {
                "id": "/subscriptions/82f6d75e-85f4-434a-ab74-5dddd9fa8910/resourceGroups/rg-lzaks-spoke-mgt-wcus-spoke-mgt-wcus/providers/Microsoft.Network/virtualNetworks/vnet-lzaks-spoke-mgt-wcus",
                "location": "westcentralus",
                "name": "vnet-lzaks-spoke-mgt-wcus",
                "resource_group_name": "rg-lzaks-spoke-mgt-wcus-spoke-mgt-wcus",
                "tags": {
                  "architecture": "Hub\u0026Spoke",
                  "environment": "development",
                  "source": "terraform"
                },
                "type": "Microsoft.Network/virtualNetworks"
              }
            ],
            "timeouts": null,
            "type": "Microsoft.Network/virtualNetworks"
          },
          "sensitive_attributes": []
        },
        {
          "index_key": "Microsoft.OperationalInsights/workspaces",
          "schema_version": 0,
          "attributes": {
            "id": "resource-84cd815c-9558-486e-ba66-8f6902f901d4",
            "name": null,
            "required_tags": {
              "architecture": "Hub\u0026Spoke",
              "environment": "development",
              "source": "terraform"
            },
            "resource_group_name": null,
            "resources": [
              {
                "id": "/subscriptions/82f6d75e-85f4-434a-ab74-5dddd9fa8910/resourceGroups/rg-lzaks-management/providers/Microsoft.OperationalInsights/workspaces/loganalyticsforaks011",
                "location": "westeurope",
                "name": "loganalyticsforaks011",
                "resource_group_name": "rg-lzaks-management",
                "tags": {
                  "architecture": "Hub\u0026Spoke",
                  "environment": "development",
                  "source": "terraform"
                },
                "type": "Microsoft.OperationalInsights/workspaces"
              }
            ],
            "timeouts": null,
            "type": "Microsoft.OperationalInsights/workspaces"
          },
          "sensitive_attributes": []
        },
        {
          "index_key": "Microsoft.Storage/storageAccounts",
          "schema_version": 0,
          "attributes": {
            "id": "resource-36e8c8e4-937e-439e-885a-34191655ac91",
            "name": null,
            "required_tags": {
              "architecture": "Hub\u0026Spoke",
              "environment": "development",
              "source": "terraform"
            },
            "resource_group_name": null,
            "resources": [
              {
                "id": "/subscriptions/82f6d75e-85f4-434a-ab74-5dddd9fa8910/resourceGroups/rg-lzaks-spoke-aks-infra/providers/Microsoft.Storage/storageAccounts/storageforaks01357",
                "location": "westeurope",
                "name": "storageforaks01357",
                "resource_group_name": "rg-lzaks-spoke-aks-infra",
                "tags": {
                  "architecture": "Hub\u0026Spoke",
                  "environment": "development",
                  "source": "terraform"
                },
                "type": "Microsoft.Storage/storageAccounts"
              }
            ],
            "timeouts": null,
            "type": "Microsoft.Storage/storageAccounts"
          },
          "sensitive_attributes": []
        }
      ]
    },
    {
      "mode": "data",
      "type": "azurerm_resources",
      "name": "vnet",
      "provider": "provider[\"registry.terraform.io/hashicorp/azurerm\"]",
      "instances": [
        {
          "schema_version": 0,
          "attributes": {
            "id": "resource-16abc4d0-a9a4-4f45-b4a0-3d11d3f73bc5",
            "name": null,
            "required_tags": {
              "architecture": "Hub\u0026Spoke",
              "environment": "development",
              "source": "terraform"
            },
            "resource_group_name": null,
            "resources": [
              {
                "id": "/subscriptions/82f6d75e-85f4-434a-ab74-5dddd9fa8910/resourceGroups/rg-lzaks-hub/providers/Microsoft.Network/virtualNetworks/vnet-hub",
                "location": "westeurope",
                "name": "vnet-hub",
                "resource_group_name": "rg-lzaks-hub",
                "tags": {
                  "architecture": "Hub\u0026Spoke",
                  "environment": "development",
                  "source": "terraform"
                },
                "type": "Microsoft.Network/virtualNetworks"
              },
              {
                "id": "/subscriptions/82f6d75e-85f4-434a-ab74-5dddd9fa8910/resourceGroups/rg-lzaks-spoke-aks-infra/providers/Microsoft.Network/virtualNetworks/vnet-spoke-aks",
                "location": "westeurope",
                "name": "vnet-spoke-aks",
                "resource_group_name": "rg-lzaks-spoke-aks-infra",
                "tags": {
                  "architecture": "Hub\u0026Spoke",
                  "environment": "development",
                  "source": "terraform"
                },
                "type": "Microsoft.Network/virtualNetworks"
              },
              {
                "id": "/subscriptions/82f6d75e-85f4-434a-ab74-5dddd9fa8910/resourceGroups/rg-lzaks-spoke-mgt/providers/Microsoft.Network/virtualNetworks/vnet-lzaks-spoke-mgt",
                "location": "westeurope",
                "name": "vnet-lzaks-spoke-mgt",
                "resource_group_name": "rg-lzaks-spoke-mgt",
                "tags": {
                  "architecture": "Hub\u0026Spoke",
                  "environment": "development",
                  "source": "terraform"
                },
                "type": "Microsoft.Network/virtualNetworks"
              },
              {
                "id": "/subscriptions/82f6d75e-85f4-434a-ab74-5dddd9fa8910/resourceGroups/rg-lzaks-spoke-mgt-wcus-spoke-mgt-wcus/providers/Microsoft.Network/virtualNetworks/vnet-lzaks-spoke-mgt-wcus",
                "location": "westcentralus",
                "name": "vnet-lzaks-spoke-mgt-wcus",
                "resource_group_name": "rg-lzaks-spoke-mgt-wcus-spoke-mgt-wcus",
                "tags": {
                  "architecture": "Hub\u0026Spoke",
                  "environment": "development",
                  "source": "terraform"
                },
                "type": "Microsoft.Network/virtualNetworks"
              }
            ],
            "timeouts": null,
            "type": "Microsoft.Network/virtualNetworks"
          },
          "sensitive_attributes": []
        }
      ]
    },
    {
      "mode": "data",
      "type": "azurerm_virtual_network",
      "name": "vnet",
      "provider": "provider[\"registry.terraform.io/hashicorp/azurerm\"]",
      "instances": [
        {
          "index_key": "vnet-hub",
          "schema_version": 0,
          "attributes": {
            "address_space": [
              "172.16.0.0/16"
            ],
            "dns_servers": [],
            "guid": "fc482a30-e7cd-42e8-8786-d3b95507bfbd",
            "id": "/subscriptions/82f6d75e-85f4-434a-ab74-5dddd9fa8910/resourceGroups/rg-lzaks-hub/providers/Microsoft.Network/virtualNetworks/vnet-hub",
            "location": "westeurope",
            "name": "vnet-hub",
            "resource_group_name": "rg-lzaks-hub",
            "subnets": [
              "subnet-vm",
              "AzureFirewallSubnet",
              "AzureBastionSubnet"
            ],
            "tags": {
              "architecture": "Hub\u0026Spoke",
              "environment": "development",
              "source": "terraform"
            },
            "timeouts": null,
            "vnet_peerings": {
              "vnet_peering_hub_to_vnet-lzaks-spoke-mgt": "/subscriptions/82f6d75e-85f4-434a-ab74-5dddd9fa8910/resourceGroups/rg-lzaks-spoke-mgt/providers/Microsoft.Network/virtualNetworks/vnet-lzaks-spoke-mgt",
              "vnet_peering_hub_to_vnet-lzaks-spoke-mgt-wcus": "/subscriptions/82f6d75e-85f4-434a-ab74-5dddd9fa8910/resourceGroups/rg-lzaks-spoke-mgt-wcus-spoke-mgt-wcus/providers/Microsoft.Network/virtualNetworks/vnet-lzaks-spoke-mgt-wcus",
              "vnet_peering_hub_to_vnet-spoke-aks": "/subscriptions/82f6d75e-85f4-434a-ab74-5dddd9fa8910/resourceGroups/rg-lzaks-spoke-aks-infra/providers/Microsoft.Network/virtualNetworks/vnet-spoke-aks"
            },
            "vnet_peerings_addresses": [
              "10.1.0.0/16",
              "10.2.0.0/16",
              "10.20.0.0/16"
            ]
          },
          "sensitive_attributes": []
        },
        {
          "index_key": "vnet-lzaks-spoke-mgt",
          "schema_version": 0,
          "attributes": {
            "address_space": [
              "10.2.0.0/16"
            ],
            "dns_servers": [
              "172.16.0.4"
            ],
            "guid": "2d52f3cd-b12f-4c31-af70-3acf7c98915d",
            "id": "/subscriptions/82f6d75e-85f4-434a-ab74-5dddd9fa8910/resourceGroups/rg-lzaks-spoke-mgt/providers/Microsoft.Network/virtualNetworks/vnet-lzaks-spoke-mgt",
            "location": "westeurope",
            "name": "vnet-lzaks-spoke-mgt",
            "resource_group_name": "rg-lzaks-spoke-mgt",
            "subnets": [
              "subnet-vm"
            ],
            "tags": {
              "architecture": "Hub\u0026Spoke",
              "environment": "development",
              "source": "terraform"
            },
            "timeouts": null,
            "vnet_peerings": {
              "vnet_peering_vnet-lzaks-spoke-mgt_to_hub": "/subscriptions/82f6d75e-85f4-434a-ab74-5dddd9fa8910/resourceGroups/rg-lzaks-hub/providers/Microsoft.Network/virtualNetworks/vnet-hub"
            },
            "vnet_peerings_addresses": [
              "172.16.0.0/16"
            ]
          },
          "sensitive_attributes": []
        },
        {
          "index_key": "vnet-lzaks-spoke-mgt-wcus",
          "schema_version": 0,
          "attributes": {
            "address_space": [
              "10.20.0.0/16"
            ],
            "dns_servers": [
              "172.16.0.4"
            ],
            "guid": "f62b4a3c-f10a-4185-ab68-8aaa190c829a",
            "id": "/subscriptions/82f6d75e-85f4-434a-ab74-5dddd9fa8910/resourceGroups/rg-lzaks-spoke-mgt-wcus-spoke-mgt-wcus/providers/Microsoft.Network/virtualNetworks/vnet-lzaks-spoke-mgt-wcus",
            "location": "westcentralus",
            "name": "vnet-lzaks-spoke-mgt-wcus",
            "resource_group_name": "rg-lzaks-spoke-mgt-wcus-spoke-mgt-wcus",
            "subnets": [
              "subnet-vm"
            ],
            "tags": {
              "architecture": "Hub\u0026Spoke",
              "environment": "development",
              "source": "terraform"
            },
            "timeouts": null,
            "vnet_peerings": {
              "vnet_peering_vnet-lzaks-spoke-mgt-wcus_to_hub": "/subscriptions/82f6d75e-85f4-434a-ab74-5dddd9fa8910/resourceGroups/rg-lzaks-hub/providers/Microsoft.Network/virtualNetworks/vnet-hub"
            },
            "vnet_peerings_addresses": [
              "172.16.0.0/16"
            ]
          },
          "sensitive_attributes": []
        },
        {
          "index_key": "vnet-spoke-aks",
          "schema_version": 0,
          "attributes": {
            "address_space": [
              "10.1.0.0/16"
            ],
            "dns_servers": [
              "172.16.0.4"
            ],
            "guid": "7bda7dc5-9c3a-4389-b3d4-a005950ed6d3",
            "id": "/subscriptions/82f6d75e-85f4-434a-ab74-5dddd9fa8910/resourceGroups/rg-lzaks-spoke-aks-infra/providers/Microsoft.Network/virtualNetworks/vnet-spoke-aks",
            "location": "westeurope",
            "name": "vnet-spoke-aks",
            "resource_group_name": "rg-lzaks-spoke-aks-infra",
            "subnets": [
              "subnet-appgw",
              "subnet-spoke-aks-pe",
              "subnet-apiserver",
              "subnet-pods",
              "subnet-nodes",
              "subnet-nodes-poolappsamd",
              "subnet-pods-poolappsamd"
            ],
            "tags": {
              "architecture": "Hub\u0026Spoke",
              "environment": "development",
              "source": "terraform"
            },
            "timeouts": null,
            "vnet_peerings": {
              "vnet_peering_vnet-spoke-aks_to_hub": "/subscriptions/82f6d75e-85f4-434a-ab74-5dddd9fa8910/resourceGroups/rg-lzaks-hub/providers/Microsoft.Network/virtualNetworks/vnet-hub"
            },
            "vnet_peerings_addresses": [
              "172.16.0.0/16"
            ]
          },
          "sensitive_attributes": []
        }
      ]
    },
    {
      "mode": "data",
      "type": "terraform_remote_state",
      "name": "management",
      "provider": "provider[\"terraform.io/builtin/terraform\"]",
      "instances": [
        {
          "schema_version": 0,
          "attributes": {
            "backend": "local",
            "config": {
              "value": {
                "path": "../01_management/terraform.tfstate"
              },
              "type": [
                "object",
                {
                  "path": "string"
                }
              ]
            },
            "defaults": null,
            "outputs": {
              "value": {
                "log_analytics_workspace": {
                  "id": "/subscriptions/82f6d75e-85f4-434a-ab74-5dddd9fa8910/resourceGroups/rg-lzaks-management/providers/Microsoft.OperationalInsights/workspaces/loganalyticsforaks011",
                  "location": "westeurope",
                  "workspace_id": "196997be-94f0-4286-bcb3-0f5985a334d4"
                }
              },
              "type": [
                "object",
                {
                  "log_analytics_workspace": [
                    "object",
                    {
                      "id": "string",
                      "location": "string",
                      "workspace_id": "string"
                    }
                  ]
                }
              ]
            },
            "workspace": null
          },
          "sensitive_attributes": []
        }
      ]
    },
    {
      "mode": "managed",
      "type": "azurerm_network_security_group",
      "name": "nsg",
      "provider": "provider[\"registry.terraform.io/hashicorp/azurerm\"]",
      "instances": [
        {
          "index_key": "vnet-hub",
          "schema_version": 0,
          "attributes": {
            "id": "/subscriptions/82f6d75e-85f4-434a-ab74-5dddd9fa8910/resourceGroups/rg-lzaks-hub/providers/Microsoft.Network/networkSecurityGroups/nsg-vnet-hub",
            "location": "westeurope",
            "name": "nsg-vnet-hub",
            "resource_group_name": "rg-lzaks-hub",
            "security_rule": [],
            "tags": {
              "architecture": "Hub\u0026Spoke",
              "environment": "development",
              "source": "terraform"
            },
            "timeouts": null
          },
          "sensitive_attributes": [],
          "private": "eyJlMmJmYjczMC1lY2FhLTExZTYtOGY4OC0zNDM2M2JjN2M0YzAiOnsiY3JlYXRlIjoxODAwMDAwMDAwMDAwLCJkZWxldGUiOjE4MDAwMDAwMDAwMDAsInJlYWQiOjMwMDAwMDAwMDAwMCwidXBkYXRlIjoxODAwMDAwMDAwMDAwfX0=",
          "dependencies": [
            "data.azurerm_resources.vnet"
          ]
        },
        {
          "index_key": "vnet-lzaks-spoke-mgt",
          "schema_version": 0,
          "attributes": {
            "id": "/subscriptions/82f6d75e-85f4-434a-ab74-5dddd9fa8910/resourceGroups/rg-lzaks-spoke-mgt/providers/Microsoft.Network/networkSecurityGroups/nsg-vnet-lzaks-spoke-mgt",
            "location": "westeurope",
            "name": "nsg-vnet-lzaks-spoke-mgt",
            "resource_group_name": "rg-lzaks-spoke-mgt",
            "security_rule": [],
            "tags": {
              "architecture": "Hub\u0026Spoke",
              "environment": "development",
              "source": "terraform"
            },
            "timeouts": null
          },
          "sensitive_attributes": [],
          "private": "eyJlMmJmYjczMC1lY2FhLTExZTYtOGY4OC0zNDM2M2JjN2M0YzAiOnsiY3JlYXRlIjoxODAwMDAwMDAwMDAwLCJkZWxldGUiOjE4MDAwMDAwMDAwMDAsInJlYWQiOjMwMDAwMDAwMDAwMCwidXBkYXRlIjoxODAwMDAwMDAwMDAwfX0=",
          "dependencies": [
            "data.azurerm_resources.vnet"
          ]
        },
        {
          "index_key": "vnet-lzaks-spoke-mgt-wcus",
          "schema_version": 0,
          "attributes": {
            "id": "/subscriptions/82f6d75e-85f4-434a-ab74-5dddd9fa8910/resourceGroups/rg-lzaks-spoke-mgt-wcus-spoke-mgt-wcus/providers/Microsoft.Network/networkSecurityGroups/nsg-vnet-lzaks-spoke-mgt-wcus",
            "location": "westcentralus",
            "name": "nsg-vnet-lzaks-spoke-mgt-wcus",
            "resource_group_name": "rg-lzaks-spoke-mgt-wcus-spoke-mgt-wcus",
            "security_rule": [],
            "tags": {
              "architecture": "Hub\u0026Spoke",
              "environment": "development",
              "source": "terraform"
            },
            "timeouts": null
          },
          "sensitive_attributes": [],
          "private": "eyJlMmJmYjczMC1lY2FhLTExZTYtOGY4OC0zNDM2M2JjN2M0YzAiOnsiY3JlYXRlIjoxODAwMDAwMDAwMDAwLCJkZWxldGUiOjE4MDAwMDAwMDAwMDAsInJlYWQiOjMwMDAwMDAwMDAwMCwidXBkYXRlIjoxODAwMDAwMDAwMDAwfX0=",
          "dependencies": [
            "data.azurerm_resources.vnet"
          ]
        },
        {
          "index_key": "vnet-spoke-aks",
          "schema_version": 0,
          "attributes": {
            "id": "/subscriptions/82f6d75e-85f4-434a-ab74-5dddd9fa8910/resourceGroups/rg-lzaks-spoke-aks-infra/providers/Microsoft.Network/networkSecurityGroups/nsg-vnet-spoke-aks",
            "location": "westeurope",
            "name": "nsg-vnet-spoke-aks",
            "resource_group_name": "rg-lzaks-spoke-aks-infra",
            "security_rule": [],
            "tags": {
              "architecture": "Hub\u0026Spoke",
              "environment": "development",
              "source": "terraform"
            },
            "timeouts": null
          },
          "sensitive_attributes": [],
          "private": "eyJlMmJmYjczMC1lY2FhLTExZTYtOGY4OC0zNDM2M2JjN2M0YzAiOnsiY3JlYXRlIjoxODAwMDAwMDAwMDAwLCJkZWxldGUiOjE4MDAwMDAwMDAwMDAsInJlYWQiOjMwMDAwMDAwMDAwMCwidXBkYXRlIjoxODAwMDAwMDAwMDAwfX0=",
          "dependencies": [
            "data.azurerm_resources.vnet"
          ]
        }
      ]
    },
    {
      "mode": "managed",
      "type": "azurerm_network_security_rule",
      "name": "rule_shared",
      "provider": "provider[\"registry.terraform.io/hashicorp/azurerm\"]",
      "instances": [
        {
          "index_key": "vnet-hub",
          "schema_version": 0,
          "attributes": {
            "access": "Allow",
            "description": "",
            "destination_address_prefix": "*",
            "destination_address_prefixes": null,
            "destination_application_security_group_ids": null,
            "destination_port_range": "*",
            "destination_port_ranges": null,
            "direction": "Outbound",
            "id": "/subscriptions/82f6d75e-85f4-434a-ab74-5dddd9fa8910/resourceGroups/rg-lzaks-hub/providers/Microsoft.Network/networkSecurityGroups/nsg-vnet-hub/securityRules/rule-shared",
            "name": "rule-shared",
            "network_security_group_name": "nsg-vnet-hub",
            "priority": 100,
            "protocol": "Tcp",
            "resource_group_name": "rg-lzaks-hub",
            "source_address_prefix": "*",
            "source_address_prefixes": null,
            "source_application_security_group_ids": null,
            "source_port_range": "*",
            "source_port_ranges": null,
            "timeouts": null
          },
          "sensitive_attributes": [],
          "private": "eyJlMmJmYjczMC1lY2FhLTExZTYtOGY4OC0zNDM2M2JjN2M0YzAiOnsiY3JlYXRlIjoxODAwMDAwMDAwMDAwLCJkZWxldGUiOjE4MDAwMDAwMDAwMDAsInJlYWQiOjMwMDAwMDAwMDAwMCwidXBkYXRlIjoxODAwMDAwMDAwMDAwfX0=",
          "dependencies": [
            "azurerm_network_security_group.nsg",
            "data.azurerm_resources.vnet"
          ]
        },
        {
          "index_key": "vnet-lzaks-spoke-mgt",
          "schema_version": 0,
          "attributes": {
            "access": "Allow",
            "description": "",
            "destination_address_prefix": "*",
            "destination_address_prefixes": null,
            "destination_application_security_group_ids": null,
            "destination_port_range": "*",
            "destination_port_ranges": null,
            "direction": "Outbound",
            "id": "/subscriptions/82f6d75e-85f4-434a-ab74-5dddd9fa8910/resourceGroups/rg-lzaks-spoke-mgt/providers/Microsoft.Network/networkSecurityGroups/nsg-vnet-lzaks-spoke-mgt/securityRules/rule-shared",
            "name": "rule-shared",
            "network_security_group_name": "nsg-vnet-lzaks-spoke-mgt",
            "priority": 100,
            "protocol": "Tcp",
            "resource_group_name": "rg-lzaks-spoke-mgt",
            "source_address_prefix": "*",
            "source_address_prefixes": null,
            "source_application_security_group_ids": null,
            "source_port_range": "*",
            "source_port_ranges": null,
            "timeouts": null
          },
          "sensitive_attributes": [],
          "private": "eyJlMmJmYjczMC1lY2FhLTExZTYtOGY4OC0zNDM2M2JjN2M0YzAiOnsiY3JlYXRlIjoxODAwMDAwMDAwMDAwLCJkZWxldGUiOjE4MDAwMDAwMDAwMDAsInJlYWQiOjMwMDAwMDAwMDAwMCwidXBkYXRlIjoxODAwMDAwMDAwMDAwfX0=",
          "dependencies": [
            "azurerm_network_security_group.nsg",
            "data.azurerm_resources.vnet"
          ]
        },
        {
          "index_key": "vnet-lzaks-spoke-mgt-wcus",
          "schema_version": 0,
          "attributes": {
            "access": "Allow",
            "description": "",
            "destination_address_prefix": "*",
            "destination_address_prefixes": null,
            "destination_application_security_group_ids": null,
            "destination_port_range": "*",
            "destination_port_ranges": null,
            "direction": "Outbound",
            "id": "/subscriptions/82f6d75e-85f4-434a-ab74-5dddd9fa8910/resourceGroups/rg-lzaks-spoke-mgt-wcus-spoke-mgt-wcus/providers/Microsoft.Network/networkSecurityGroups/nsg-vnet-lzaks-spoke-mgt-wcus/securityRules/rule-shared",
            "name": "rule-shared",
            "network_security_group_name": "nsg-vnet-lzaks-spoke-mgt-wcus",
            "priority": 100,
            "protocol": "Tcp",
            "resource_group_name": "rg-lzaks-spoke-mgt-wcus-spoke-mgt-wcus",
            "source_address_prefix": "*",
            "source_address_prefixes": null,
            "source_application_security_group_ids": null,
            "source_port_range": "*",
            "source_port_ranges": null,
            "timeouts": null
          },
          "sensitive_attributes": [],
          "private": "eyJlMmJmYjczMC1lY2FhLTExZTYtOGY4OC0zNDM2M2JjN2M0YzAiOnsiY3JlYXRlIjoxODAwMDAwMDAwMDAwLCJkZWxldGUiOjE4MDAwMDAwMDAwMDAsInJlYWQiOjMwMDAwMDAwMDAwMCwidXBkYXRlIjoxODAwMDAwMDAwMDAwfX0=",
          "dependencies": [
            "azurerm_network_security_group.nsg",
            "data.azurerm_resources.vnet"
          ]
        },
        {
          "index_key": "vnet-spoke-aks",
          "schema_version": 0,
          "attributes": {
            "access": "Allow",
            "description": "",
            "destination_address_prefix": "*",
            "destination_address_prefixes": null,
            "destination_application_security_group_ids": null,
            "destination_port_range": "*",
            "destination_port_ranges": null,
            "direction": "Outbound",
            "id": "/subscriptions/82f6d75e-85f4-434a-ab74-5dddd9fa8910/resourceGroups/rg-lzaks-spoke-aks-infra/providers/Microsoft.Network/networkSecurityGroups/nsg-vnet-spoke-aks/securityRules/rule-shared",
            "name": "rule-shared",
            "network_security_group_name": "nsg-vnet-spoke-aks",
            "priority": 100,
            "protocol": "Tcp",
            "resource_group_name": "rg-lzaks-spoke-aks-infra",
            "source_address_prefix": "*",
            "source_address_prefixes": null,
            "source_application_security_group_ids": null,
            "source_port_range": "*",
            "source_port_ranges": null,
            "timeouts": null
          },
          "sensitive_attributes": [],
          "private": "eyJlMmJmYjczMC1lY2FhLTExZTYtOGY4OC0zNDM2M2JjN2M0YzAiOnsiY3JlYXRlIjoxODAwMDAwMDAwMDAwLCJkZWxldGUiOjE4MDAwMDAwMDAwMDAsInJlYWQiOjMwMDAwMDAwMDAwMCwidXBkYXRlIjoxODAwMDAwMDAwMDAwfX0=",
          "dependencies": [
            "azurerm_network_security_group.nsg",
            "data.azurerm_resources.vnet"
          ]
        }
      ]
    },
    {
      "mode": "managed",
      "type": "azurerm_storage_account",
      "name": "network_log_data",
      "provider": "provider[\"registry.terraform.io/hashicorp/azurerm\"]",
      "instances": [
        {
          "index_key": 0,
          "schema_version": 3,
          "attributes": {
            "access_tier": "Hot",
            "account_kind": "StorageV2",
            "account_replication_type": "LRS",
            "account_tier": "Standard",
            "allow_nested_items_to_be_public": true,
            "allowed_copy_scope": "",
            "azure_files_authentication": [],
            "blob_properties": [
              {
                "change_feed_enabled": false,
                "change_feed_retention_in_days": 0,
                "container_delete_retention_policy": [],
                "cors_rule": [],
                "default_service_version": "",
                "delete_retention_policy": [],
                "last_access_time_enabled": false,
                "restore_policy": [],
                "versioning_enabled": false
              }
            ],
            "cross_tenant_replication_enabled": true,
            "custom_domain": [],
            "customer_managed_key": [],
            "default_to_oauth_authentication": false,
            "edge_zone": "",
            "enable_https_traffic_only": true,
            "id": "/subscriptions/82f6d75e-85f4-434a-ab74-5dddd9fa8910/resourceGroups/NetworkWatcherRG/providers/Microsoft.Storage/storageAccounts/storageforlogs011",
            "identity": [],
            "immutability_policy": [],
            "infrastructure_encryption_enabled": false,
            "is_hns_enabled": false,
            "large_file_share_enabled": null,
            "location": "westeurope",
            "min_tls_version": "TLS1_2",
            "name": "storageforlogs011",
            "network_rules": [
              {
                "bypass": [
                  "AzureServices"
                ],
                "default_action": "Allow",
                "ip_rules": [],
                "private_link_access": [],
                "virtual_network_subnet_ids": []
              }
            ],
            "nfsv3_enabled": false,
            "primary_access_key": "5IlZb/PQHdbxPV0Q8wyne9LmBdDuJ9QMseerTI4m9oaSu02b3m11z0tRhS4D0dyuKvg0yuL7ytWB+AStk4nkaA==",
            "primary_blob_connection_string": "DefaultEndpointsProtocol=https;BlobEndpoint=https://storageforlogs011.blob.core.windows.net/;AccountName=storageforlogs011;AccountKey=5IlZb/PQHdbxPV0Q8wyne9LmBdDuJ9QMseerTI4m9oaSu02b3m11z0tRhS4D0dyuKvg0yuL7ytWB+AStk4nkaA==",
            "primary_blob_endpoint": "https://storageforlogs011.blob.core.windows.net/",
            "primary_blob_host": "storageforlogs011.blob.core.windows.net",
            "primary_connection_string": "DefaultEndpointsProtocol=https;AccountName=storageforlogs011;AccountKey=5IlZb/PQHdbxPV0Q8wyne9LmBdDuJ9QMseerTI4m9oaSu02b3m11z0tRhS4D0dyuKvg0yuL7ytWB+AStk4nkaA==;EndpointSuffix=core.windows.net",
            "primary_dfs_endpoint": "https://storageforlogs011.dfs.core.windows.net/",
            "primary_dfs_host": "storageforlogs011.dfs.core.windows.net",
            "primary_file_endpoint": "https://storageforlogs011.file.core.windows.net/",
            "primary_file_host": "storageforlogs011.file.core.windows.net",
            "primary_location": "westeurope",
            "primary_queue_endpoint": "https://storageforlogs011.queue.core.windows.net/",
            "primary_queue_host": "storageforlogs011.queue.core.windows.net",
            "primary_table_endpoint": "https://storageforlogs011.table.core.windows.net/",
            "primary_table_host": "storageforlogs011.table.core.windows.net",
            "primary_web_endpoint": "https://storageforlogs011.z6.web.core.windows.net/",
            "primary_web_host": "storageforlogs011.z6.web.core.windows.net",
            "public_network_access_enabled": true,
            "queue_encryption_key_type": "Service",
            "queue_properties": [
              {
                "cors_rule": [],
                "hour_metrics": [
                  {
                    "enabled": true,
                    "include_apis": true,
                    "retention_policy_days": 7,
                    "version": "1.0"
                  }
                ],
                "logging": [
                  {
                    "delete": false,
                    "read": false,
                    "retention_policy_days": 0,
                    "version": "1.0",
                    "write": false
                  }
                ],
                "minute_metrics": [
                  {
                    "enabled": false,
                    "include_apis": false,
                    "retention_policy_days": 0,
                    "version": "1.0"
                  }
                ]
              }
            ],
            "resource_group_name": "NetworkWatcherRG",
            "routing": [],
            "sas_policy": [],
            "secondary_access_key": "TR327sfVpi9aKgMToIdH6b//JQHi8yCK/Xz1UlLqaNdG1RXlnTvmpXPC1/fECSzcNAf7yl8y7NuB+AStYJSU5g==",
            "secondary_blob_connection_string": "",
            "secondary_blob_endpoint": null,
            "secondary_blob_host": null,
            "secondary_connection_string": "DefaultEndpointsProtocol=https;AccountName=storageforlogs011;AccountKey=TR327sfVpi9aKgMToIdH6b//JQHi8yCK/Xz1UlLqaNdG1RXlnTvmpXPC1/fECSzcNAf7yl8y7NuB+AStYJSU5g==;EndpointSuffix=core.windows.net",
            "secondary_dfs_endpoint": null,
            "secondary_dfs_host": null,
            "secondary_file_endpoint": null,
            "secondary_file_host": null,
            "secondary_location": "",
            "secondary_queue_endpoint": null,
            "secondary_queue_host": null,
            "secondary_table_endpoint": null,
            "secondary_table_host": null,
            "secondary_web_endpoint": null,
            "secondary_web_host": null,
            "sftp_enabled": false,
            "share_properties": [
              {
                "cors_rule": [],
                "retention_policy": [
                  {
                    "days": 7
                  }
                ],
                "smb": []
              }
            ],
            "shared_access_key_enabled": true,
            "static_website": [],
            "table_encryption_key_type": "Service",
            "tags": {
              "architecture": "Hub\u0026Spoke",
              "environment": "development",
              "source": "terraform"
            },
            "timeouts": null
          },
          "sensitive_attributes": [],
          "private": "eyJlMmJmYjczMC1lY2FhLTExZTYtOGY4OC0zNDM2M2JjN2M0YzAiOnsiY3JlYXRlIjozNjAwMDAwMDAwMDAwLCJkZWxldGUiOjM2MDAwMDAwMDAwMDAsInJlYWQiOjMwMDAwMDAwMDAwMCwidXBkYXRlIjozNjAwMDAwMDAwMDAwfSwic2NoZW1hX3ZlcnNpb24iOiIzIn0=",
          "dependencies": [
            "data.azurerm_network_watcher.network_watcher_regional"
          ]
        }
      ]
    },
    {
      "module": "module.azurerm_network_watcher_flow_log[\"aks-agentpool-35064155-nsg\"]",
      "mode": "managed",
      "type": "azurerm_network_watcher_flow_log",
      "name": "network_flow_logs",
      "provider": "provider[\"registry.terraform.io/hashicorp/azurerm\"]",
      "instances": [
        {
          "schema_version": 1,
          "attributes": {
            "enabled": true,
            "id": "/subscriptions/82f6d75e-85f4-434a-ab74-5dddd9fa8910/resourceGroups/NetworkWatcherRG/providers/Microsoft.Network/networkWatchers/NetworkWatcher_westeurope/flowLogs/aks-agentpool-35064155-nsg",
            "location": "westeurope",
            "name": "aks-agentpool-35064155-nsg",
            "network_security_group_id": "/subscriptions/82f6d75e-85f4-434a-ab74-5dddd9fa8910/resourceGroups/rg-lzaks-spoke-aks-nodes/providers/Microsoft.Network/networkSecurityGroups/aks-agentpool-35064155-nsg",
            "network_watcher_name": "NetworkWatcher_westeurope",
            "resource_group_name": "NetworkWatcherRG",
            "retention_policy": [
              {
                "days": 7,
                "enabled": true
              }
            ],
            "storage_account_id": "/subscriptions/82f6d75e-85f4-434a-ab74-5dddd9fa8910/resourceGroups/NetworkWatcherRG/providers/Microsoft.Storage/storageAccounts/storageforlogs011",
            "tags": null,
            "timeouts": null,
            "traffic_analytics": [
              {
                "enabled": true,
                "interval_in_minutes": 10,
                "workspace_id": "196997be-94f0-4286-bcb3-0f5985a334d4",
                "workspace_region": "westeurope",
                "workspace_resource_id": "/subscriptions/82f6d75e-85f4-434a-ab74-5dddd9fa8910/resourceGroups/rg-lzaks-management/providers/Microsoft.OperationalInsights/workspaces/loganalyticsforaks011"
              }
            ],
            "version": 2
          },
          "sensitive_attributes": [],
          "private": "eyJlMmJmYjczMC1lY2FhLTExZTYtOGY4OC0zNDM2M2JjN2M0YzAiOnsiY3JlYXRlIjoxODAwMDAwMDAwMDAwLCJkZWxldGUiOjE4MDAwMDAwMDAwMDAsInJlYWQiOjMwMDAwMDAwMDAwMCwidXBkYXRlIjoxODAwMDAwMDAwMDAwfSwic2NoZW1hX3ZlcnNpb24iOiIxIn0=",
          "dependencies": [
            "azurerm_storage_account.network_log_data",
            "data.azurerm_network_watcher.network_watcher_regional",
            "data.azurerm_resources.nsg_flowlogs",
            "data.terraform_remote_state.management"
          ]
        }
      ]
    },
    {
      "module": "module.azurerm_network_watcher_flow_log[\"vnet-hub-AzureBastionSubnet-nsg-westeurope\"]",
      "mode": "managed",
      "type": "azurerm_network_watcher_flow_log",
      "name": "network_flow_logs",
      "provider": "provider[\"registry.terraform.io/hashicorp/azurerm\"]",
      "instances": [
        {
          "schema_version": 1,
          "attributes": {
            "enabled": true,
            "id": "/subscriptions/82f6d75e-85f4-434a-ab74-5dddd9fa8910/resourceGroups/NetworkWatcherRG/providers/Microsoft.Network/networkWatchers/NetworkWatcher_westeurope/flowLogs/vnet-hub-AzureBastionSubnet-nsg-westeurope",
            "location": "westeurope",
            "name": "vnet-hub-AzureBastionSubnet-nsg-westeurope",
            "network_security_group_id": "/subscriptions/82f6d75e-85f4-434a-ab74-5dddd9fa8910/resourceGroups/rg-lzaks-hub/providers/Microsoft.Network/networkSecurityGroups/vnet-hub-AzureBastionSubnet-nsg-westeurope",
            "network_watcher_name": "NetworkWatcher_westeurope",
            "resource_group_name": "NetworkWatcherRG",
            "retention_policy": [
              {
                "days": 7,
                "enabled": true
              }
            ],
            "storage_account_id": "/subscriptions/82f6d75e-85f4-434a-ab74-5dddd9fa8910/resourceGroups/NetworkWatcherRG/providers/Microsoft.Storage/storageAccounts/storageforlogs011",
            "tags": null,
            "timeouts": null,
            "traffic_analytics": [
              {
                "enabled": true,
                "interval_in_minutes": 10,
                "workspace_id": "196997be-94f0-4286-bcb3-0f5985a334d4",
                "workspace_region": "westeurope",
                "workspace_resource_id": "/subscriptions/82f6d75e-85f4-434a-ab74-5dddd9fa8910/resourceGroups/rg-lzaks-management/providers/Microsoft.OperationalInsights/workspaces/loganalyticsforaks011"
              }
            ],
            "version": 2
          },
          "sensitive_attributes": [],
          "private": "eyJlMmJmYjczMC1lY2FhLTExZTYtOGY4OC0zNDM2M2JjN2M0YzAiOnsiY3JlYXRlIjoxODAwMDAwMDAwMDAwLCJkZWxldGUiOjE4MDAwMDAwMDAwMDAsInJlYWQiOjMwMDAwMDAwMDAwMCwidXBkYXRlIjoxODAwMDAwMDAwMDAwfSwic2NoZW1hX3ZlcnNpb24iOiIxIn0=",
          "dependencies": [
            "azurerm_storage_account.network_log_data",
            "data.azurerm_network_watcher.network_watcher_regional",
            "data.azurerm_resources.nsg_flowlogs",
            "data.terraform_remote_state.management"
          ]
        }
      ]
    },
    {
      "module": "module.azurerm_network_watcher_flow_log[\"vnet-hub-subnet-vm-nsg-westeurope\"]",
      "mode": "managed",
      "type": "azurerm_network_watcher_flow_log",
      "name": "network_flow_logs",
      "provider": "provider[\"registry.terraform.io/hashicorp/azurerm\"]",
      "instances": [
        {
          "schema_version": 1,
          "attributes": {
            "enabled": true,
            "id": "/subscriptions/82f6d75e-85f4-434a-ab74-5dddd9fa8910/resourceGroups/NetworkWatcherRG/providers/Microsoft.Network/networkWatchers/NetworkWatcher_westeurope/flowLogs/vnet-hub-subnet-vm-nsg-westeurope",
            "location": "westeurope",
            "name": "vnet-hub-subnet-vm-nsg-westeurope",
            "network_security_group_id": "/subscriptions/82f6d75e-85f4-434a-ab74-5dddd9fa8910/resourceGroups/rg-lzaks-hub/providers/Microsoft.Network/networkSecurityGroups/vnet-hub-subnet-vm-nsg-westeurope",
            "network_watcher_name": "NetworkWatcher_westeurope",
            "resource_group_name": "NetworkWatcherRG",
            "retention_policy": [
              {
                "days": 7,
                "enabled": true
              }
            ],
            "storage_account_id": "/subscriptions/82f6d75e-85f4-434a-ab74-5dddd9fa8910/resourceGroups/NetworkWatcherRG/providers/Microsoft.Storage/storageAccounts/storageforlogs011",
            "tags": null,
            "timeouts": null,
            "traffic_analytics": [
              {
                "enabled": true,
                "interval_in_minutes": 10,
                "workspace_id": "196997be-94f0-4286-bcb3-0f5985a334d4",
                "workspace_region": "westeurope",
                "workspace_resource_id": "/subscriptions/82f6d75e-85f4-434a-ab74-5dddd9fa8910/resourceGroups/rg-lzaks-management/providers/Microsoft.OperationalInsights/workspaces/loganalyticsforaks011"
              }
            ],
            "version": 2
          },
          "sensitive_attributes": [],
          "private": "eyJlMmJmYjczMC1lY2FhLTExZTYtOGY4OC0zNDM2M2JjN2M0YzAiOnsiY3JlYXRlIjoxODAwMDAwMDAwMDAwLCJkZWxldGUiOjE4MDAwMDAwMDAwMDAsInJlYWQiOjMwMDAwMDAwMDAwMCwidXBkYXRlIjoxODAwMDAwMDAwMDAwfSwic2NoZW1hX3ZlcnNpb24iOiIxIn0=",
          "dependencies": [
            "azurerm_storage_account.network_log_data",
            "data.azurerm_network_watcher.network_watcher_regional",
            "data.azurerm_resources.nsg_flowlogs",
            "data.terraform_remote_state.management"
          ]
        }
      ]
    },
    {
      "module": "module.azurerm_network_watcher_flow_log[\"vnet-lzaks-spoke-mgt-subnet-vm-nsg-westeurope\"]",
      "mode": "managed",
      "type": "azurerm_network_watcher_flow_log",
      "name": "network_flow_logs",
      "provider": "provider[\"registry.terraform.io/hashicorp/azurerm\"]",
      "instances": [
        {
          "schema_version": 1,
          "attributes": {
            "enabled": true,
            "id": "/subscriptions/82f6d75e-85f4-434a-ab74-5dddd9fa8910/resourceGroups/NetworkWatcherRG/providers/Microsoft.Network/networkWatchers/NetworkWatcher_westeurope/flowLogs/vnet-lzaks-spoke-mgt-subnet-vm-nsg-westeurope",
            "location": "westeurope",
            "name": "vnet-lzaks-spoke-mgt-subnet-vm-nsg-westeurope",
            "network_security_group_id": "/subscriptions/82f6d75e-85f4-434a-ab74-5dddd9fa8910/resourceGroups/rg-lzaks-spoke-mgt/providers/Microsoft.Network/networkSecurityGroups/vnet-lzaks-spoke-mgt-subnet-vm-nsg-westeurope",
            "network_watcher_name": "NetworkWatcher_westeurope",
            "resource_group_name": "NetworkWatcherRG",
            "retention_policy": [
              {
                "days": 7,
                "enabled": true
              }
            ],
            "storage_account_id": "/subscriptions/82f6d75e-85f4-434a-ab74-5dddd9fa8910/resourceGroups/NetworkWatcherRG/providers/Microsoft.Storage/storageAccounts/storageforlogs011",
            "tags": null,
            "timeouts": null,
            "traffic_analytics": [
              {
                "enabled": true,
                "interval_in_minutes": 10,
                "workspace_id": "196997be-94f0-4286-bcb3-0f5985a334d4",
                "workspace_region": "westeurope",
                "workspace_resource_id": "/subscriptions/82f6d75e-85f4-434a-ab74-5dddd9fa8910/resourceGroups/rg-lzaks-management/providers/Microsoft.OperationalInsights/workspaces/loganalyticsforaks011"
              }
            ],
            "version": 2
          },
          "sensitive_attributes": [],
          "private": "eyJlMmJmYjczMC1lY2FhLTExZTYtOGY4OC0zNDM2M2JjN2M0YzAiOnsiY3JlYXRlIjoxODAwMDAwMDAwMDAwLCJkZWxldGUiOjE4MDAwMDAwMDAwMDAsInJlYWQiOjMwMDAwMDAwMDAwMCwidXBkYXRlIjoxODAwMDAwMDAwMDAwfSwic2NoZW1hX3ZlcnNpb24iOiIxIn0=",
          "dependencies": [
            "azurerm_storage_account.network_log_data",
            "data.azurerm_network_watcher.network_watcher_regional",
            "data.azurerm_resources.nsg_flowlogs",
            "data.terraform_remote_state.management"
          ]
        }
      ]
    },
    {
      "module": "module.azurerm_network_watcher_flow_log[\"vnet-spoke-aks-subnet-apiserver-nsg-westeurope\"]",
      "mode": "managed",
      "type": "azurerm_network_watcher_flow_log",
      "name": "network_flow_logs",
      "provider": "provider[\"registry.terraform.io/hashicorp/azurerm\"]",
      "instances": [
        {
          "schema_version": 1,
          "attributes": {
            "enabled": true,
            "id": "/subscriptions/82f6d75e-85f4-434a-ab74-5dddd9fa8910/resourceGroups/NetworkWatcherRG/providers/Microsoft.Network/networkWatchers/NetworkWatcher_westeurope/flowLogs/vnet-spoke-aks-subnet-apiserver-nsg-westeurope",
            "location": "westeurope",
            "name": "vnet-spoke-aks-subnet-apiserver-nsg-westeurope",
            "network_security_group_id": "/subscriptions/82f6d75e-85f4-434a-ab74-5dddd9fa8910/resourceGroups/rg-lzaks-spoke-aks-infra/providers/Microsoft.Network/networkSecurityGroups/vnet-spoke-aks-subnet-apiserver-nsg-westeurope",
            "network_watcher_name": "NetworkWatcher_westeurope",
            "resource_group_name": "NetworkWatcherRG",
            "retention_policy": [
              {
                "days": 7,
                "enabled": true
              }
            ],
            "storage_account_id": "/subscriptions/82f6d75e-85f4-434a-ab74-5dddd9fa8910/resourceGroups/NetworkWatcherRG/providers/Microsoft.Storage/storageAccounts/storageforlogs011",
            "tags": null,
            "timeouts": null,
            "traffic_analytics": [
              {
                "enabled": true,
                "interval_in_minutes": 10,
                "workspace_id": "196997be-94f0-4286-bcb3-0f5985a334d4",
                "workspace_region": "westeurope",
                "workspace_resource_id": "/subscriptions/82f6d75e-85f4-434a-ab74-5dddd9fa8910/resourceGroups/rg-lzaks-management/providers/Microsoft.OperationalInsights/workspaces/loganalyticsforaks011"
              }
            ],
            "version": 2
          },
          "sensitive_attributes": [],
          "private": "eyJlMmJmYjczMC1lY2FhLTExZTYtOGY4OC0zNDM2M2JjN2M0YzAiOnsiY3JlYXRlIjoxODAwMDAwMDAwMDAwLCJkZWxldGUiOjE4MDAwMDAwMDAwMDAsInJlYWQiOjMwMDAwMDAwMDAwMCwidXBkYXRlIjoxODAwMDAwMDAwMDAwfSwic2NoZW1hX3ZlcnNpb24iOiIxIn0=",
          "dependencies": [
            "azurerm_storage_account.network_log_data",
            "data.azurerm_network_watcher.network_watcher_regional",
            "data.azurerm_resources.nsg_flowlogs",
            "data.terraform_remote_state.management"
          ]
        }
      ]
    },
    {
      "module": "module.azurerm_network_watcher_flow_log[\"vnet-spoke-aks-subnet-appgw-nsg-westeurope\"]",
      "mode": "managed",
      "type": "azurerm_network_watcher_flow_log",
      "name": "network_flow_logs",
      "provider": "provider[\"registry.terraform.io/hashicorp/azurerm\"]",
      "instances": [
        {
          "schema_version": 1,
          "attributes": {
            "enabled": true,
            "id": "/subscriptions/82f6d75e-85f4-434a-ab74-5dddd9fa8910/resourceGroups/NetworkWatcherRG/providers/Microsoft.Network/networkWatchers/NetworkWatcher_westeurope/flowLogs/vnet-spoke-aks-subnet-appgw-nsg-westeurope",
            "location": "westeurope",
            "name": "vnet-spoke-aks-subnet-appgw-nsg-westeurope",
            "network_security_group_id": "/subscriptions/82f6d75e-85f4-434a-ab74-5dddd9fa8910/resourceGroups/rg-lzaks-spoke-aks-infra/providers/Microsoft.Network/networkSecurityGroups/vnet-spoke-aks-subnet-appgw-nsg-westeurope",
            "network_watcher_name": "NetworkWatcher_westeurope",
            "resource_group_name": "NetworkWatcherRG",
            "retention_policy": [
              {
                "days": 7,
                "enabled": true
              }
            ],
            "storage_account_id": "/subscriptions/82f6d75e-85f4-434a-ab74-5dddd9fa8910/resourceGroups/NetworkWatcherRG/providers/Microsoft.Storage/storageAccounts/storageforlogs011",
            "tags": null,
            "timeouts": null,
            "traffic_analytics": [
              {
                "enabled": true,
                "interval_in_minutes": 10,
                "workspace_id": "196997be-94f0-4286-bcb3-0f5985a334d4",
                "workspace_region": "westeurope",
                "workspace_resource_id": "/subscriptions/82f6d75e-85f4-434a-ab74-5dddd9fa8910/resourceGroups/rg-lzaks-management/providers/Microsoft.OperationalInsights/workspaces/loganalyticsforaks011"
              }
            ],
            "version": 2
          },
          "sensitive_attributes": [],
          "private": "eyJlMmJmYjczMC1lY2FhLTExZTYtOGY4OC0zNDM2M2JjN2M0YzAiOnsiY3JlYXRlIjoxODAwMDAwMDAwMDAwLCJkZWxldGUiOjE4MDAwMDAwMDAwMDAsInJlYWQiOjMwMDAwMDAwMDAwMCwidXBkYXRlIjoxODAwMDAwMDAwMDAwfSwic2NoZW1hX3ZlcnNpb24iOiIxIn0=",
          "dependencies": [
            "azurerm_storage_account.network_log_data",
            "data.azurerm_network_watcher.network_watcher_regional",
            "data.azurerm_resources.nsg_flowlogs",
            "data.terraform_remote_state.management"
          ]
        }
      ]
    },
    {
      "module": "module.azurerm_network_watcher_flow_log[\"vnet-spoke-aks-subnet-nodes-nsg-westeurope\"]",
      "mode": "managed",
      "type": "azurerm_network_watcher_flow_log",
      "name": "network_flow_logs",
      "provider": "provider[\"registry.terraform.io/hashicorp/azurerm\"]",
      "instances": [
        {
          "schema_version": 1,
          "attributes": {
            "enabled": true,
            "id": "/subscriptions/82f6d75e-85f4-434a-ab74-5dddd9fa8910/resourceGroups/NetworkWatcherRG/providers/Microsoft.Network/networkWatchers/NetworkWatcher_westeurope/flowLogs/vnet-spoke-aks-subnet-nodes-nsg-westeurope",
            "location": "westeurope",
            "name": "vnet-spoke-aks-subnet-nodes-nsg-westeurope",
            "network_security_group_id": "/subscriptions/82f6d75e-85f4-434a-ab74-5dddd9fa8910/resourceGroups/rg-lzaks-spoke-aks-infra/providers/Microsoft.Network/networkSecurityGroups/vnet-spoke-aks-subnet-nodes-nsg-westeurope",
            "network_watcher_name": "NetworkWatcher_westeurope",
            "resource_group_name": "NetworkWatcherRG",
            "retention_policy": [
              {
                "days": 7,
                "enabled": true
              }
            ],
            "storage_account_id": "/subscriptions/82f6d75e-85f4-434a-ab74-5dddd9fa8910/resourceGroups/NetworkWatcherRG/providers/Microsoft.Storage/storageAccounts/storageforlogs011",
            "tags": null,
            "timeouts": null,
            "traffic_analytics": [
              {
                "enabled": true,
                "interval_in_minutes": 10,
                "workspace_id": "196997be-94f0-4286-bcb3-0f5985a334d4",
                "workspace_region": "westeurope",
                "workspace_resource_id": "/subscriptions/82f6d75e-85f4-434a-ab74-5dddd9fa8910/resourceGroups/rg-lzaks-management/providers/Microsoft.OperationalInsights/workspaces/loganalyticsforaks011"
              }
            ],
            "version": 2
          },
          "sensitive_attributes": [],
          "private": "eyJlMmJmYjczMC1lY2FhLTExZTYtOGY4OC0zNDM2M2JjN2M0YzAiOnsiY3JlYXRlIjoxODAwMDAwMDAwMDAwLCJkZWxldGUiOjE4MDAwMDAwMDAwMDAsInJlYWQiOjMwMDAwMDAwMDAwMCwidXBkYXRlIjoxODAwMDAwMDAwMDAwfSwic2NoZW1hX3ZlcnNpb24iOiIxIn0=",
          "dependencies": [
            "azurerm_storage_account.network_log_data",
            "data.azurerm_network_watcher.network_watcher_regional",
            "data.azurerm_resources.nsg_flowlogs",
            "data.terraform_remote_state.management"
          ]
        }
      ]
    },
    {
      "module": "module.azurerm_network_watcher_flow_log[\"vnet-spoke-aks-subnet-nodes-poolappsamd-nsg-westeurope\"]",
      "mode": "managed",
      "type": "azurerm_network_watcher_flow_log",
      "name": "network_flow_logs",
      "provider": "provider[\"registry.terraform.io/hashicorp/azurerm\"]",
      "instances": [
        {
          "schema_version": 1,
          "attributes": {
            "enabled": true,
            "id": "/subscriptions/82f6d75e-85f4-434a-ab74-5dddd9fa8910/resourceGroups/NetworkWatcherRG/providers/Microsoft.Network/networkWatchers/NetworkWatcher_westeurope/flowLogs/vnet-spoke-aks-subnet-nodes-poolappsamd-nsg-westeurope",
            "location": "westeurope",
            "name": "vnet-spoke-aks-subnet-nodes-poolappsamd-nsg-westeurope",
            "network_security_group_id": "/subscriptions/82f6d75e-85f4-434a-ab74-5dddd9fa8910/resourceGroups/rg-lzaks-spoke-aks-infra/providers/Microsoft.Network/networkSecurityGroups/vnet-spoke-aks-subnet-nodes-poolappsamd-nsg-westeurope",
            "network_watcher_name": "NetworkWatcher_westeurope",
            "resource_group_name": "NetworkWatcherRG",
            "retention_policy": [
              {
                "days": 7,
                "enabled": true
              }
            ],
            "storage_account_id": "/subscriptions/82f6d75e-85f4-434a-ab74-5dddd9fa8910/resourceGroups/NetworkWatcherRG/providers/Microsoft.Storage/storageAccounts/storageforlogs011",
            "tags": null,
            "timeouts": null,
            "traffic_analytics": [
              {
                "enabled": true,
                "interval_in_minutes": 10,
                "workspace_id": "196997be-94f0-4286-bcb3-0f5985a334d4",
                "workspace_region": "westeurope",
                "workspace_resource_id": "/subscriptions/82f6d75e-85f4-434a-ab74-5dddd9fa8910/resourceGroups/rg-lzaks-management/providers/Microsoft.OperationalInsights/workspaces/loganalyticsforaks011"
              }
            ],
            "version": 2
          },
          "sensitive_attributes": [],
          "private": "eyJlMmJmYjczMC1lY2FhLTExZTYtOGY4OC0zNDM2M2JjN2M0YzAiOnsiY3JlYXRlIjoxODAwMDAwMDAwMDAwLCJkZWxldGUiOjE4MDAwMDAwMDAwMDAsInJlYWQiOjMwMDAwMDAwMDAwMCwidXBkYXRlIjoxODAwMDAwMDAwMDAwfSwic2NoZW1hX3ZlcnNpb24iOiIxIn0=",
          "dependencies": [
            "azurerm_storage_account.network_log_data",
            "data.azurerm_network_watcher.network_watcher_regional",
            "data.azurerm_resources.nsg_flowlogs",
            "data.terraform_remote_state.management"
          ]
        }
      ]
    },
    {
      "module": "module.azurerm_network_watcher_flow_log[\"vnet-spoke-aks-subnet-nodes-poolappsarm-nsg-westeurope\"]",
      "mode": "managed",
      "type": "azurerm_network_watcher_flow_log",
      "name": "network_flow_logs",
      "provider": "provider[\"registry.terraform.io/hashicorp/azurerm\"]",
      "instances": [
        {
          "schema_version": 1,
          "attributes": {
            "enabled": true,
            "id": "/subscriptions/82f6d75e-85f4-434a-ab74-5dddd9fa8910/resourceGroups/NetworkWatcherRG/providers/Microsoft.Network/networkWatchers/NetworkWatcher_westeurope/flowLogs/vnet-spoke-aks-subnet-nodes-poolappsarm-nsg-westeurope",
            "location": "westeurope",
            "name": "vnet-spoke-aks-subnet-nodes-poolappsarm-nsg-westeurope",
            "network_security_group_id": "/subscriptions/82f6d75e-85f4-434a-ab74-5dddd9fa8910/resourceGroups/rg-lzaks-spoke-aks-infra/providers/Microsoft.Network/networkSecurityGroups/vnet-spoke-aks-subnet-nodes-poolappsarm-nsg-westeurope",
            "network_watcher_name": "NetworkWatcher_westeurope",
            "resource_group_name": "NetworkWatcherRG",
            "retention_policy": [
              {
                "days": 7,
                "enabled": true
              }
            ],
            "storage_account_id": "/subscriptions/82f6d75e-85f4-434a-ab74-5dddd9fa8910/resourceGroups/NetworkWatcherRG/providers/Microsoft.Storage/storageAccounts/storageforlogs011",
            "tags": null,
            "timeouts": null,
            "traffic_analytics": [
              {
                "enabled": true,
                "interval_in_minutes": 10,
                "workspace_id": "196997be-94f0-4286-bcb3-0f5985a334d4",
                "workspace_region": "westeurope",
                "workspace_resource_id": "/subscriptions/82f6d75e-85f4-434a-ab74-5dddd9fa8910/resourceGroups/rg-lzaks-management/providers/Microsoft.OperationalInsights/workspaces/loganalyticsforaks011"
              }
            ],
            "version": 2
          },
          "sensitive_attributes": [],
          "private": "eyJlMmJmYjczMC1lY2FhLTExZTYtOGY4OC0zNDM2M2JjN2M0YzAiOnsiY3JlYXRlIjoxODAwMDAwMDAwMDAwLCJkZWxldGUiOjE4MDAwMDAwMDAwMDAsInJlYWQiOjMwMDAwMDAwMDAwMCwidXBkYXRlIjoxODAwMDAwMDAwMDAwfSwic2NoZW1hX3ZlcnNpb24iOiIxIn0=",
          "dependencies": [
            "azurerm_storage_account.network_log_data",
            "data.azurerm_network_watcher.network_watcher_regional",
            "data.azurerm_resources.nsg_flowlogs",
            "data.terraform_remote_state.management"
          ]
        }
      ]
    },
    {
      "module": "module.azurerm_network_watcher_flow_log[\"vnet-spoke-aks-subnet-pods-nsg-westeurope\"]",
      "mode": "managed",
      "type": "azurerm_network_watcher_flow_log",
      "name": "network_flow_logs",
      "provider": "provider[\"registry.terraform.io/hashicorp/azurerm\"]",
      "instances": [
        {
          "schema_version": 1,
          "attributes": {
            "enabled": true,
            "id": "/subscriptions/82f6d75e-85f4-434a-ab74-5dddd9fa8910/resourceGroups/NetworkWatcherRG/providers/Microsoft.Network/networkWatchers/NetworkWatcher_westeurope/flowLogs/vnet-spoke-aks-subnet-pods-nsg-westeurope",
            "location": "westeurope",
            "name": "vnet-spoke-aks-subnet-pods-nsg-westeurope",
            "network_security_group_id": "/subscriptions/82f6d75e-85f4-434a-ab74-5dddd9fa8910/resourceGroups/rg-lzaks-spoke-aks-infra/providers/Microsoft.Network/networkSecurityGroups/vnet-spoke-aks-subnet-pods-nsg-westeurope",
            "network_watcher_name": "NetworkWatcher_westeurope",
            "resource_group_name": "NetworkWatcherRG",
            "retention_policy": [
              {
                "days": 7,
                "enabled": true
              }
            ],
            "storage_account_id": "/subscriptions/82f6d75e-85f4-434a-ab74-5dddd9fa8910/resourceGroups/NetworkWatcherRG/providers/Microsoft.Storage/storageAccounts/storageforlogs011",
            "tags": null,
            "timeouts": null,
            "traffic_analytics": [
              {
                "enabled": true,
                "interval_in_minutes": 10,
                "workspace_id": "196997be-94f0-4286-bcb3-0f5985a334d4",
                "workspace_region": "westeurope",
                "workspace_resource_id": "/subscriptions/82f6d75e-85f4-434a-ab74-5dddd9fa8910/resourceGroups/rg-lzaks-management/providers/Microsoft.OperationalInsights/workspaces/loganalyticsforaks011"
              }
            ],
            "version": 2
          },
          "sensitive_attributes": [],
          "private": "eyJlMmJmYjczMC1lY2FhLTExZTYtOGY4OC0zNDM2M2JjN2M0YzAiOnsiY3JlYXRlIjoxODAwMDAwMDAwMDAwLCJkZWxldGUiOjE4MDAwMDAwMDAwMDAsInJlYWQiOjMwMDAwMDAwMDAwMCwidXBkYXRlIjoxODAwMDAwMDAwMDAwfSwic2NoZW1hX3ZlcnNpb24iOiIxIn0=",
          "dependencies": [
            "azurerm_storage_account.network_log_data",
            "data.azurerm_network_watcher.network_watcher_regional",
            "data.azurerm_resources.nsg_flowlogs",
            "data.terraform_remote_state.management"
          ]
        }
      ]
    },
    {
      "module": "module.azurerm_network_watcher_flow_log[\"vnet-spoke-aks-subnet-pods-poolappsamd-nsg-westeurope\"]",
      "mode": "managed",
      "type": "azurerm_network_watcher_flow_log",
      "name": "network_flow_logs",
      "provider": "provider[\"registry.terraform.io/hashicorp/azurerm\"]",
      "instances": [
        {
          "schema_version": 1,
          "attributes": {
            "enabled": true,
            "id": "/subscriptions/82f6d75e-85f4-434a-ab74-5dddd9fa8910/resourceGroups/NetworkWatcherRG/providers/Microsoft.Network/networkWatchers/NetworkWatcher_westeurope/flowLogs/vnet-spoke-aks-subnet-pods-poolappsamd-nsg-westeurope",
            "location": "westeurope",
            "name": "vnet-spoke-aks-subnet-pods-poolappsamd-nsg-westeurope",
            "network_security_group_id": "/subscriptions/82f6d75e-85f4-434a-ab74-5dddd9fa8910/resourceGroups/rg-lzaks-spoke-aks-infra/providers/Microsoft.Network/networkSecurityGroups/vnet-spoke-aks-subnet-pods-poolappsamd-nsg-westeurope",
            "network_watcher_name": "NetworkWatcher_westeurope",
            "resource_group_name": "NetworkWatcherRG",
            "retention_policy": [
              {
                "days": 7,
                "enabled": true
              }
            ],
            "storage_account_id": "/subscriptions/82f6d75e-85f4-434a-ab74-5dddd9fa8910/resourceGroups/NetworkWatcherRG/providers/Microsoft.Storage/storageAccounts/storageforlogs011",
            "tags": null,
            "timeouts": null,
            "traffic_analytics": [
              {
                "enabled": true,
                "interval_in_minutes": 10,
                "workspace_id": "196997be-94f0-4286-bcb3-0f5985a334d4",
                "workspace_region": "westeurope",
                "workspace_resource_id": "/subscriptions/82f6d75e-85f4-434a-ab74-5dddd9fa8910/resourceGroups/rg-lzaks-management/providers/Microsoft.OperationalInsights/workspaces/loganalyticsforaks011"
              }
            ],
            "version": 2
          },
          "sensitive_attributes": [],
          "private": "eyJlMmJmYjczMC1lY2FhLTExZTYtOGY4OC0zNDM2M2JjN2M0YzAiOnsiY3JlYXRlIjoxODAwMDAwMDAwMDAwLCJkZWxldGUiOjE4MDAwMDAwMDAwMDAsInJlYWQiOjMwMDAwMDAwMDAwMCwidXBkYXRlIjoxODAwMDAwMDAwMDAwfSwic2NoZW1hX3ZlcnNpb24iOiIxIn0=",
          "dependencies": [
            "azurerm_storage_account.network_log_data",
            "data.azurerm_network_watcher.network_watcher_regional",
            "data.azurerm_resources.nsg_flowlogs",
            "data.terraform_remote_state.management"
          ]
        }
      ]
    },
    {
      "module": "module.azurerm_network_watcher_flow_log[\"vnet-spoke-aks-subnet-pods-poolappsarm-nsg-westeurope\"]",
      "mode": "managed",
      "type": "azurerm_network_watcher_flow_log",
      "name": "network_flow_logs",
      "provider": "provider[\"registry.terraform.io/hashicorp/azurerm\"]",
      "instances": [
        {
          "schema_version": 1,
          "attributes": {
            "enabled": true,
            "id": "/subscriptions/82f6d75e-85f4-434a-ab74-5dddd9fa8910/resourceGroups/NetworkWatcherRG/providers/Microsoft.Network/networkWatchers/NetworkWatcher_westeurope/flowLogs/vnet-spoke-aks-subnet-pods-poolappsarm-nsg-westeurope",
            "location": "westeurope",
            "name": "vnet-spoke-aks-subnet-pods-poolappsarm-nsg-westeurope",
            "network_security_group_id": "/subscriptions/82f6d75e-85f4-434a-ab74-5dddd9fa8910/resourceGroups/rg-lzaks-spoke-aks-infra/providers/Microsoft.Network/networkSecurityGroups/vnet-spoke-aks-subnet-pods-poolappsarm-nsg-westeurope",
            "network_watcher_name": "NetworkWatcher_westeurope",
            "resource_group_name": "NetworkWatcherRG",
            "retention_policy": [
              {
                "days": 7,
                "enabled": true
              }
            ],
            "storage_account_id": "/subscriptions/82f6d75e-85f4-434a-ab74-5dddd9fa8910/resourceGroups/NetworkWatcherRG/providers/Microsoft.Storage/storageAccounts/storageforlogs011",
            "tags": null,
            "timeouts": null,
            "traffic_analytics": [
              {
                "enabled": true,
                "interval_in_minutes": 10,
                "workspace_id": "196997be-94f0-4286-bcb3-0f5985a334d4",
                "workspace_region": "westeurope",
                "workspace_resource_id": "/subscriptions/82f6d75e-85f4-434a-ab74-5dddd9fa8910/resourceGroups/rg-lzaks-management/providers/Microsoft.OperationalInsights/workspaces/loganalyticsforaks011"
              }
            ],
            "version": 2
          },
          "sensitive_attributes": [],
          "private": "eyJlMmJmYjczMC1lY2FhLTExZTYtOGY4OC0zNDM2M2JjN2M0YzAiOnsiY3JlYXRlIjoxODAwMDAwMDAwMDAwLCJkZWxldGUiOjE4MDAwMDAwMDAwMDAsInJlYWQiOjMwMDAwMDAwMDAwMCwidXBkYXRlIjoxODAwMDAwMDAwMDAwfSwic2NoZW1hX3ZlcnNpb24iOiIxIn0=",
          "dependencies": [
            "azurerm_storage_account.network_log_data",
            "data.azurerm_network_watcher.network_watcher_regional",
            "data.azurerm_resources.nsg_flowlogs",
            "data.terraform_remote_state.management"
          ]
        }
      ]
    },
    {
      "module": "module.azurerm_network_watcher_flow_log[\"vnet-spoke-aks-subnet-spoke-aks-pe-nsg-westeurope\"]",
      "mode": "managed",
      "type": "azurerm_network_watcher_flow_log",
      "name": "network_flow_logs",
      "provider": "provider[\"registry.terraform.io/hashicorp/azurerm\"]",
      "instances": [
        {
          "schema_version": 1,
          "attributes": {
            "enabled": true,
            "id": "/subscriptions/82f6d75e-85f4-434a-ab74-5dddd9fa8910/resourceGroups/NetworkWatcherRG/providers/Microsoft.Network/networkWatchers/NetworkWatcher_westeurope/flowLogs/vnet-spoke-aks-subnet-spoke-aks-pe-nsg-westeurope",
            "location": "westeurope",
            "name": "vnet-spoke-aks-subnet-spoke-aks-pe-nsg-westeurope",
            "network_security_group_id": "/subscriptions/82f6d75e-85f4-434a-ab74-5dddd9fa8910/resourceGroups/rg-lzaks-spoke-aks-infra/providers/Microsoft.Network/networkSecurityGroups/vnet-spoke-aks-subnet-spoke-aks-pe-nsg-westeurope",
            "network_watcher_name": "NetworkWatcher_westeurope",
            "resource_group_name": "NetworkWatcherRG",
            "retention_policy": [
              {
                "days": 7,
                "enabled": true
              }
            ],
            "storage_account_id": "/subscriptions/82f6d75e-85f4-434a-ab74-5dddd9fa8910/resourceGroups/NetworkWatcherRG/providers/Microsoft.Storage/storageAccounts/storageforlogs011",
            "tags": null,
            "timeouts": null,
            "traffic_analytics": [
              {
                "enabled": true,
                "interval_in_minutes": 10,
                "workspace_id": "196997be-94f0-4286-bcb3-0f5985a334d4",
                "workspace_region": "westeurope",
                "workspace_resource_id": "/subscriptions/82f6d75e-85f4-434a-ab74-5dddd9fa8910/resourceGroups/rg-lzaks-management/providers/Microsoft.OperationalInsights/workspaces/loganalyticsforaks011"
              }
            ],
            "version": 2
          },
          "sensitive_attributes": [],
          "private": "eyJlMmJmYjczMC1lY2FhLTExZTYtOGY4OC0zNDM2M2JjN2M0YzAiOnsiY3JlYXRlIjoxODAwMDAwMDAwMDAwLCJkZWxldGUiOjE4MDAwMDAwMDAwMDAsInJlYWQiOjMwMDAwMDAwMDAwMCwidXBkYXRlIjoxODAwMDAwMDAwMDAwfSwic2NoZW1hX3ZlcnNpb24iOiIxIn0=",
          "dependencies": [
            "azurerm_storage_account.network_log_data",
            "data.azurerm_network_watcher.network_watcher_regional",
            "data.azurerm_resources.nsg_flowlogs",
            "data.terraform_remote_state.management"
          ]
        }
      ]
    },
    {
      "module": "module.diagnostic_setting[\"/subscriptions/82f6d75e-85f4-434a-ab74-5dddd9fa8910/resourceGroups/rg-lzaks-hub-vm-linux/providers/Microsoft.Compute/virtualMachines/vm-jumpbox-linux\"]",
      "mode": "data",
      "type": "azurerm_monitor_diagnostic_categories",
      "name": "categories",
      "provider": "provider[\"registry.terraform.io/hashicorp/azurerm\"]",
      "instances": [
        {
          "schema_version": 0,
          "attributes": {
            "id": "/subscriptions/82f6d75e-85f4-434a-ab74-5dddd9fa8910/resourceGroups/rg-lzaks-hub-vm-linux/providers/Microsoft.Compute/virtualMachines/vm-jumpbox-linux",
            "log_category_groups": [],
            "log_category_types": [],
            "logs": [],
            "metrics": [
              "AllMetrics"
            ],
            "resource_id": "/subscriptions/82f6d75e-85f4-434a-ab74-5dddd9fa8910/resourceGroups/rg-lzaks-hub-vm-linux/providers/Microsoft.Compute/virtualMachines/vm-jumpbox-linux",
            "timeouts": null
          },
          "sensitive_attributes": []
        }
      ]
    },
    {
      "module": "module.diagnostic_setting[\"/subscriptions/82f6d75e-85f4-434a-ab74-5dddd9fa8910/resourceGroups/rg-lzaks-hub-vm-linux/providers/Microsoft.Network/networkInterfaces/nic-vm\"]",
      "mode": "data",
      "type": "azurerm_monitor_diagnostic_categories",
      "name": "categories",
      "provider": "provider[\"registry.terraform.io/hashicorp/azurerm\"]",
      "instances": [
        {
          "schema_version": 0,
          "attributes": {
            "id": "/subscriptions/82f6d75e-85f4-434a-ab74-5dddd9fa8910/resourceGroups/rg-lzaks-hub-vm-linux/providers/Microsoft.Network/networkInterfaces/nic-vm",
            "log_category_groups": [],
            "log_category_types": [],
            "logs": [],
            "metrics": [
              "AllMetrics"
            ],
            "resource_id": "/subscriptions/82f6d75e-85f4-434a-ab74-5dddd9fa8910/resourceGroups/rg-lzaks-hub-vm-linux/providers/Microsoft.Network/networkInterfaces/nic-vm",
            "timeouts": null
          },
          "sensitive_attributes": []
        }
      ]
    },
    {
      "module": "module.diagnostic_setting[\"/subscriptions/82f6d75e-85f4-434a-ab74-5dddd9fa8910/resourceGroups/rg-lzaks-hub/providers/Microsoft.Network/azureFirewalls/firewall-hub\"]",
      "mode": "data",
      "type": "azurerm_monitor_diagnostic_categories",
      "name": "categories",
      "provider": "provider[\"registry.terraform.io/hashicorp/azurerm\"]",
      "instances": [
        {
          "schema_version": 0,
          "attributes": {
            "id": "/subscriptions/82f6d75e-85f4-434a-ab74-5dddd9fa8910/resourceGroups/rg-lzaks-hub/providers/Microsoft.Network/azureFirewalls/firewall-hub",
            "log_category_groups": [
              "allLogs"
            ],
            "log_category_types": [
              "AZFWApplicationRule",
              "AZFWApplicationRuleAggregation",
              "AZFWDnsQuery",
              "AZFWFatFlow",
              "AZFWFlowTrace",
              "AZFWFqdnResolveFailure",
              "AZFWIdpsSignature",
              "AZFWNatRule",
              "AZFWNatRuleAggregation",
              "AZFWNetworkRule",
              "AZFWNetworkRuleAggregation",
              "AZFWThreatIntel",
              "AzureFirewallApplicationRule",
              "AzureFirewallDnsProxy",
              "AzureFirewallNetworkRule"
            ],
            "logs": [
              "AZFWApplicationRule",
              "AZFWApplicationRuleAggregation",
              "AZFWDnsQuery",
              "AZFWFatFlow",
              "AZFWFlowTrace",
              "AZFWFqdnResolveFailure",
              "AZFWIdpsSignature",
              "AZFWNatRule",
              "AZFWNatRuleAggregation",
              "AZFWNetworkRule",
              "AZFWNetworkRuleAggregation",
              "AZFWThreatIntel",
              "AzureFirewallApplicationRule",
              "AzureFirewallDnsProxy",
              "AzureFirewallNetworkRule"
            ],
            "metrics": [
              "AllMetrics"
            ],
            "resource_id": "/subscriptions/82f6d75e-85f4-434a-ab74-5dddd9fa8910/resourceGroups/rg-lzaks-hub/providers/Microsoft.Network/azureFirewalls/firewall-hub",
            "timeouts": null
          },
          "sensitive_attributes": []
        }
      ]
    },
    {
      "module": "module.diagnostic_setting[\"/subscriptions/82f6d75e-85f4-434a-ab74-5dddd9fa8910/resourceGroups/rg-lzaks-hub/providers/Microsoft.Network/bastionHosts/bastion-host\"]",
      "mode": "data",
      "type": "azurerm_monitor_diagnostic_categories",
      "name": "categories",
      "provider": "provider[\"registry.terraform.io/hashicorp/azurerm\"]",
      "instances": [
        {
          "schema_version": 0,
          "attributes": {
            "id": "/subscriptions/82f6d75e-85f4-434a-ab74-5dddd9fa8910/resourceGroups/rg-lzaks-hub/providers/Microsoft.Network/bastionHosts/bastion-host",
            "log_category_groups": [
              "allLogs"
            ],
            "log_category_types": [
              "BastionAuditLogs"
            ],
            "logs": [
              "BastionAuditLogs"
            ],
            "metrics": [
              "AllMetrics"
            ],
            "resource_id": "/subscriptions/82f6d75e-85f4-434a-ab74-5dddd9fa8910/resourceGroups/rg-lzaks-hub/providers/Microsoft.Network/bastionHosts/bastion-host",
            "timeouts": null
          },
          "sensitive_attributes": []
        }
      ]
    },
    {
      "module": "module.diagnostic_setting[\"/subscriptions/82f6d75e-85f4-434a-ab74-5dddd9fa8910/resourceGroups/rg-lzaks-hub/providers/Microsoft.Network/networkSecurityGroups/vnet-hub-AzureBastionSubnet-nsg-westeurope\"]",
      "mode": "data",
      "type": "azurerm_monitor_diagnostic_categories",
      "name": "categories",
      "provider": "provider[\"registry.terraform.io/hashicorp/azurerm\"]",
      "instances": [
        {
          "schema_version": 0,
          "attributes": {
            "id": "/subscriptions/82f6d75e-85f4-434a-ab74-5dddd9fa8910/resourceGroups/rg-lzaks-hub/providers/Microsoft.Network/networkSecurityGroups/vnet-hub-AzureBastionSubnet-nsg-westeurope",
            "log_category_groups": [
              "allLogs"
            ],
            "log_category_types": [
              "NetworkSecurityGroupEvent",
              "NetworkSecurityGroupRuleCounter"
            ],
            "logs": [
              "NetworkSecurityGroupEvent",
              "NetworkSecurityGroupRuleCounter"
            ],
            "metrics": [],
            "resource_id": "/subscriptions/82f6d75e-85f4-434a-ab74-5dddd9fa8910/resourceGroups/rg-lzaks-hub/providers/Microsoft.Network/networkSecurityGroups/vnet-hub-AzureBastionSubnet-nsg-westeurope",
            "timeouts": null
          },
          "sensitive_attributes": []
        }
      ]
    },
    {
      "module": "module.diagnostic_setting[\"/subscriptions/82f6d75e-85f4-434a-ab74-5dddd9fa8910/resourceGroups/rg-lzaks-hub/providers/Microsoft.Network/networkSecurityGroups/vnet-hub-AzureBastionSubnet-nsg-westeurope\"]",
      "mode": "managed",
      "type": "azurerm_monitor_diagnostic_setting",
      "name": "diagnostic_settings",
      "provider": "provider[\"registry.terraform.io/hashicorp/azurerm\"]",
      "instances": [
        {
          "schema_version": 0,
          "attributes": {
            "enabled_log": [
              {
                "category": "NetworkSecurityGroupEvent",
                "category_group": "",
                "retention_policy": [
                  {
                    "days": 7,
                    "enabled": true
                  }
                ]
              },
              {
                "category": "NetworkSecurityGroupRuleCounter",
                "category_group": "",
                "retention_policy": [
                  {
                    "days": 7,
                    "enabled": true
                  }
                ]
              }
            ],
            "eventhub_authorization_rule_id": "",
            "eventhub_name": "",
            "id": "/subscriptions/82f6d75e-85f4-434a-ab74-5dddd9fa8910/resourceGroups/rg-lzaks-hub/providers/Microsoft.Network/networkSecurityGroups/vnet-hub-AzureBastionSubnet-nsg-westeurope|diagnostic-settings",
            "log": [
              {
                "category": "NetworkSecurityGroupEvent",
                "category_group": "",
                "enabled": true,
                "retention_policy": [
                  {
                    "days": 7,
                    "enabled": true
                  }
                ]
              },
              {
                "category": "NetworkSecurityGroupRuleCounter",
                "category_group": "",
                "enabled": true,
                "retention_policy": [
                  {
                    "days": 7,
                    "enabled": true
                  }
                ]
              }
            ],
            "log_analytics_destination_type": "",
            "log_analytics_workspace_id": "/subscriptions/82f6d75e-85f4-434a-ab74-5dddd9fa8910/resourceGroups/rg-lzaks-management/providers/Microsoft.OperationalInsights/workspaces/loganalyticsforaks011",
            "metric": [],
            "name": "diagnostic-settings",
            "partner_solution_id": null,
            "storage_account_id": null,
            "target_resource_id": "/subscriptions/82f6d75e-85f4-434a-ab74-5dddd9fa8910/resourceGroups/rg-lzaks-hub/providers/Microsoft.Network/networkSecurityGroups/vnet-hub-AzureBastionSubnet-nsg-westeurope",
            "timeouts": null
          },
          "sensitive_attributes": [],
          "private": "eyJlMmJmYjczMC1lY2FhLTExZTYtOGY4OC0zNDM2M2JjN2M0YzAiOnsiY3JlYXRlIjoxODAwMDAwMDAwMDAwLCJkZWxldGUiOjM2MDAwMDAwMDAwMDAsInJlYWQiOjMwMDAwMDAwMDAwMCwidXBkYXRlIjoxODAwMDAwMDAwMDAwfX0=",
          "dependencies": [
            "data.azurerm_resources.resources_ds",
            "data.terraform_remote_state.management",
            "module.diagnostic_setting.data.azurerm_monitor_diagnostic_categories.categories"
          ]
        }
      ]
    },
    {
      "module": "module.diagnostic_setting[\"/subscriptions/82f6d75e-85f4-434a-ab74-5dddd9fa8910/resourceGroups/rg-lzaks-hub/providers/Microsoft.Network/networkSecurityGroups/vnet-hub-subnet-vm-nsg-westeurope\"]",
      "mode": "data",
      "type": "azurerm_monitor_diagnostic_categories",
      "name": "categories",
      "provider": "provider[\"registry.terraform.io/hashicorp/azurerm\"]",
      "instances": [
        {
          "schema_version": 0,
          "attributes": {
            "id": "/subscriptions/82f6d75e-85f4-434a-ab74-5dddd9fa8910/resourceGroups/rg-lzaks-hub/providers/Microsoft.Network/networkSecurityGroups/vnet-hub-subnet-vm-nsg-westeurope",
            "log_category_groups": [
              "allLogs"
            ],
            "log_category_types": [
              "NetworkSecurityGroupEvent",
              "NetworkSecurityGroupRuleCounter"
            ],
            "logs": [
              "NetworkSecurityGroupEvent",
              "NetworkSecurityGroupRuleCounter"
            ],
            "metrics": [],
            "resource_id": "/subscriptions/82f6d75e-85f4-434a-ab74-5dddd9fa8910/resourceGroups/rg-lzaks-hub/providers/Microsoft.Network/networkSecurityGroups/vnet-hub-subnet-vm-nsg-westeurope",
            "timeouts": null
          },
          "sensitive_attributes": []
        }
      ]
    },
    {
      "module": "module.diagnostic_setting[\"/subscriptions/82f6d75e-85f4-434a-ab74-5dddd9fa8910/resourceGroups/rg-lzaks-hub/providers/Microsoft.Network/networkSecurityGroups/vnet-hub-subnet-vm-nsg-westeurope\"]",
      "mode": "managed",
      "type": "azurerm_monitor_diagnostic_setting",
      "name": "diagnostic_settings",
      "provider": "provider[\"registry.terraform.io/hashicorp/azurerm\"]",
      "instances": [
        {
          "schema_version": 0,
          "attributes": {
            "enabled_log": [
              {
                "category": "NetworkSecurityGroupEvent",
                "category_group": "",
                "retention_policy": [
                  {
                    "days": 7,
                    "enabled": true
                  }
                ]
              },
              {
                "category": "NetworkSecurityGroupRuleCounter",
                "category_group": "",
                "retention_policy": [
                  {
                    "days": 7,
                    "enabled": true
                  }
                ]
              }
            ],
            "eventhub_authorization_rule_id": "",
            "eventhub_name": "",
            "id": "/subscriptions/82f6d75e-85f4-434a-ab74-5dddd9fa8910/resourceGroups/rg-lzaks-hub/providers/Microsoft.Network/networkSecurityGroups/vnet-hub-subnet-vm-nsg-westeurope|diagnostic-settings",
            "log": [
              {
                "category": "NetworkSecurityGroupEvent",
                "category_group": "",
                "enabled": true,
                "retention_policy": [
                  {
                    "days": 7,
                    "enabled": true
                  }
                ]
              },
              {
                "category": "NetworkSecurityGroupRuleCounter",
                "category_group": "",
                "enabled": true,
                "retention_policy": [
                  {
                    "days": 7,
                    "enabled": true
                  }
                ]
              }
            ],
            "log_analytics_destination_type": "",
            "log_analytics_workspace_id": "/subscriptions/82f6d75e-85f4-434a-ab74-5dddd9fa8910/resourceGroups/rg-lzaks-management/providers/Microsoft.OperationalInsights/workspaces/loganalyticsforaks011",
            "metric": [],
            "name": "diagnostic-settings",
            "partner_solution_id": null,
            "storage_account_id": null,
            "target_resource_id": "/subscriptions/82f6d75e-85f4-434a-ab74-5dddd9fa8910/resourceGroups/rg-lzaks-hub/providers/Microsoft.Network/networkSecurityGroups/vnet-hub-subnet-vm-nsg-westeurope",
            "timeouts": null
          },
          "sensitive_attributes": [],
          "private": "eyJlMmJmYjczMC1lY2FhLTExZTYtOGY4OC0zNDM2M2JjN2M0YzAiOnsiY3JlYXRlIjoxODAwMDAwMDAwMDAwLCJkZWxldGUiOjM2MDAwMDAwMDAwMDAsInJlYWQiOjMwMDAwMDAwMDAwMCwidXBkYXRlIjoxODAwMDAwMDAwMDAwfX0=",
          "dependencies": [
            "data.azurerm_resources.resources_ds",
            "data.terraform_remote_state.management",
            "module.diagnostic_setting.data.azurerm_monitor_diagnostic_categories.categories"
          ]
        }
      ]
    },
    {
      "module": "module.diagnostic_setting[\"/subscriptions/82f6d75e-85f4-434a-ab74-5dddd9fa8910/resourceGroups/rg-lzaks-hub/providers/Microsoft.Network/publicIPAddresses/public-ip-bastion\"]",
      "mode": "data",
      "type": "azurerm_monitor_diagnostic_categories",
      "name": "categories",
      "provider": "provider[\"registry.terraform.io/hashicorp/azurerm\"]",
      "instances": [
        {
          "schema_version": 0,
          "attributes": {
            "id": "/subscriptions/82f6d75e-85f4-434a-ab74-5dddd9fa8910/resourceGroups/rg-lzaks-hub/providers/Microsoft.Network/publicIPAddresses/public-ip-bastion",
            "log_category_groups": [
              "allLogs",
              "audit"
            ],
            "log_category_types": [
              "DDoSMitigationFlowLogs",
              "DDoSMitigationReports",
              "DDoSProtectionNotifications"
            ],
            "logs": [
              "DDoSMitigationFlowLogs",
              "DDoSMitigationReports",
              "DDoSProtectionNotifications"
            ],
            "metrics": [
              "AllMetrics"
            ],
            "resource_id": "/subscriptions/82f6d75e-85f4-434a-ab74-5dddd9fa8910/resourceGroups/rg-lzaks-hub/providers/Microsoft.Network/publicIPAddresses/public-ip-bastion",
            "timeouts": null
          },
          "sensitive_attributes": []
        }
      ]
    },
    {
      "module": "module.diagnostic_setting[\"/subscriptions/82f6d75e-85f4-434a-ab74-5dddd9fa8910/resourceGroups/rg-lzaks-hub/providers/Microsoft.Network/publicIPAddresses/public-ip-firewall\"]",
      "mode": "data",
      "type": "azurerm_monitor_diagnostic_categories",
      "name": "categories",
      "provider": "provider[\"registry.terraform.io/hashicorp/azurerm\"]",
      "instances": [
        {
          "schema_version": 0,
          "attributes": {
            "id": "/subscriptions/82f6d75e-85f4-434a-ab74-5dddd9fa8910/resourceGroups/rg-lzaks-hub/providers/Microsoft.Network/publicIPAddresses/public-ip-firewall",
            "log_category_groups": [
              "allLogs",
              "audit"
            ],
            "log_category_types": [
              "DDoSMitigationFlowLogs",
              "DDoSMitigationReports",
              "DDoSProtectionNotifications"
            ],
            "logs": [
              "DDoSMitigationFlowLogs",
              "DDoSMitigationReports",
              "DDoSProtectionNotifications"
            ],
            "metrics": [
              "AllMetrics"
            ],
            "resource_id": "/subscriptions/82f6d75e-85f4-434a-ab74-5dddd9fa8910/resourceGroups/rg-lzaks-hub/providers/Microsoft.Network/publicIPAddresses/public-ip-firewall",
            "timeouts": null
          },
          "sensitive_attributes": []
        }
      ]
    },
    {
      "module": "module.diagnostic_setting[\"/subscriptions/82f6d75e-85f4-434a-ab74-5dddd9fa8910/resourceGroups/rg-lzaks-hub/providers/Microsoft.Network/virtualNetworks/vnet-hub\"]",
      "mode": "data",
      "type": "azurerm_monitor_diagnostic_categories",
      "name": "categories",
      "provider": "provider[\"registry.terraform.io/hashicorp/azurerm\"]",
      "instances": [
        {
          "schema_version": 0,
          "attributes": {
            "id": "/subscriptions/82f6d75e-85f4-434a-ab74-5dddd9fa8910/resourceGroups/rg-lzaks-hub/providers/Microsoft.Network/virtualNetworks/vnet-hub",
            "log_category_groups": [
              "allLogs"
            ],
            "log_category_types": [
              "VMProtectionAlerts"
            ],
            "logs": [
              "VMProtectionAlerts"
            ],
            "metrics": [
              "AllMetrics"
            ],
            "resource_id": "/subscriptions/82f6d75e-85f4-434a-ab74-5dddd9fa8910/resourceGroups/rg-lzaks-hub/providers/Microsoft.Network/virtualNetworks/vnet-hub",
            "timeouts": null
          },
          "sensitive_attributes": []
        }
      ]
    },
    {
      "module": "module.diagnostic_setting[\"/subscriptions/82f6d75e-85f4-434a-ab74-5dddd9fa8910/resourceGroups/rg-lzaks-management/providers/Microsoft.OperationalInsights/workspaces/loganalyticsforaks011\"]",
      "mode": "data",
      "type": "azurerm_monitor_diagnostic_categories",
      "name": "categories",
      "provider": "provider[\"registry.terraform.io/hashicorp/azurerm\"]",
      "instances": [
        {
          "schema_version": 0,
          "attributes": {
            "id": "/subscriptions/82f6d75e-85f4-434a-ab74-5dddd9fa8910/resourceGroups/rg-lzaks-management/providers/Microsoft.OperationalInsights/workspaces/loganalyticsforaks011",
            "log_category_groups": [
              "allLogs",
              "audit"
            ],
            "log_category_types": [
              "Audit"
            ],
            "logs": [
              "Audit"
            ],
            "metrics": [
              "AllMetrics"
            ],
            "resource_id": "/subscriptions/82f6d75e-85f4-434a-ab74-5dddd9fa8910/resourceGroups/rg-lzaks-management/providers/Microsoft.OperationalInsights/workspaces/loganalyticsforaks011",
            "timeouts": null
          },
          "sensitive_attributes": []
        }
      ]
    },
    {
      "module": "module.diagnostic_setting[\"/subscriptions/82f6d75e-85f4-434a-ab74-5dddd9fa8910/resourceGroups/rg-lzaks-spoke-aks-cluster/providers/Microsoft.ContainerService/managedClusters/aks-lzaks-cluster\"]",
      "mode": "data",
      "type": "azurerm_monitor_diagnostic_categories",
      "name": "categories",
      "provider": "provider[\"registry.terraform.io/hashicorp/azurerm\"]",
      "instances": [
        {
          "schema_version": 0,
          "attributes": {
            "id": "/subscriptions/82f6d75e-85f4-434a-ab74-5dddd9fa8910/resourceGroups/rg-lzaks-spoke-aks-cluster/providers/Microsoft.ContainerService/managedClusters/aks-lzaks-cluster",
            "log_category_groups": [
              "allLogs",
              "audit"
            ],
            "log_category_types": [
              "cloud-controller-manager",
              "cluster-autoscaler",
              "csi-azuredisk-controller",
              "csi-azurefile-controller",
              "csi-snapshot-controller",
              "guard",
              "kube-apiserver",
              "kube-audit",
              "kube-audit-admin",
              "kube-controller-manager",
              "kube-scheduler"
            ],
            "logs": [
              "cloud-controller-manager",
              "cluster-autoscaler",
              "csi-azuredisk-controller",
              "csi-azurefile-controller",
              "csi-snapshot-controller",
              "guard",
              "kube-apiserver",
              "kube-audit",
              "kube-audit-admin",
              "kube-controller-manager",
              "kube-scheduler"
            ],
            "metrics": [
              "AllMetrics"
            ],
            "resource_id": "/subscriptions/82f6d75e-85f4-434a-ab74-5dddd9fa8910/resourceGroups/rg-lzaks-spoke-aks-cluster/providers/Microsoft.ContainerService/managedClusters/aks-lzaks-cluster",
            "timeouts": null
          },
          "sensitive_attributes": []
        }
      ]
    },
    {
      "module": "module.diagnostic_setting[\"/subscriptions/82f6d75e-85f4-434a-ab74-5dddd9fa8910/resourceGroups/rg-lzaks-spoke-aks-infra/providers/Microsoft.ContainerRegistry/registries/acrforakstf01357\"]",
      "mode": "data",
      "type": "azurerm_monitor_diagnostic_categories",
      "name": "categories",
      "provider": "provider[\"registry.terraform.io/hashicorp/azurerm\"]",
      "instances": [
        {
          "schema_version": 0,
          "attributes": {
            "id": "/subscriptions/82f6d75e-85f4-434a-ab74-5dddd9fa8910/resourceGroups/rg-lzaks-spoke-aks-infra/providers/Microsoft.ContainerRegistry/registries/acrforakstf01357",
            "log_category_groups": [
              "allLogs",
              "audit"
            ],
            "log_category_types": [
              "ContainerRegistryLoginEvents",
              "ContainerRegistryRepositoryEvents"
            ],
            "logs": [
              "ContainerRegistryLoginEvents",
              "ContainerRegistryRepositoryEvents"
            ],
            "metrics": [
              "AllMetrics"
            ],
            "resource_id": "/subscriptions/82f6d75e-85f4-434a-ab74-5dddd9fa8910/resourceGroups/rg-lzaks-spoke-aks-infra/providers/Microsoft.ContainerRegistry/registries/acrforakstf01357",
            "timeouts": null
          },
          "sensitive_attributes": []
        }
      ]
    },
    {
      "module": "module.diagnostic_setting[\"/subscriptions/82f6d75e-85f4-434a-ab74-5dddd9fa8910/resourceGroups/rg-lzaks-spoke-aks-infra/providers/Microsoft.KeyVault/vaults/kvforakslz01357\"]",
      "mode": "data",
      "type": "azurerm_monitor_diagnostic_categories",
      "name": "categories",
      "provider": "provider[\"registry.terraform.io/hashicorp/azurerm\"]",
      "instances": [
        {
          "schema_version": 0,
          "attributes": {
            "id": "/subscriptions/82f6d75e-85f4-434a-ab74-5dddd9fa8910/resourceGroups/rg-lzaks-spoke-aks-infra/providers/Microsoft.KeyVault/vaults/kvforakslz01357",
            "log_category_groups": [
              "allLogs",
              "audit"
            ],
            "log_category_types": [
              "AuditEvent",
              "AzurePolicyEvaluationDetails"
            ],
            "logs": [
              "AuditEvent",
              "AzurePolicyEvaluationDetails"
            ],
            "metrics": [
              "AllMetrics"
            ],
            "resource_id": "/subscriptions/82f6d75e-85f4-434a-ab74-5dddd9fa8910/resourceGroups/rg-lzaks-spoke-aks-infra/providers/Microsoft.KeyVault/vaults/kvforakslz01357",
            "timeouts": null
          },
          "sensitive_attributes": []
        }
      ]
    },
    {
      "module": "module.diagnostic_setting[\"/subscriptions/82f6d75e-85f4-434a-ab74-5dddd9fa8910/resourceGroups/rg-lzaks-spoke-aks-infra/providers/Microsoft.Network/applicationGateways/appgw-aks\"]",
      "mode": "data",
      "type": "azurerm_monitor_diagnostic_categories",
      "name": "categories",
      "provider": "provider[\"registry.terraform.io/hashicorp/azurerm\"]",
      "instances": [
        {
          "schema_version": 0,
          "attributes": {
            "id": "/subscriptions/82f6d75e-85f4-434a-ab74-5dddd9fa8910/resourceGroups/rg-lzaks-spoke-aks-infra/providers/Microsoft.Network/applicationGateways/appgw-aks",
            "log_category_groups": [
              "allLogs"
            ],
            "log_category_types": [
              "ApplicationGatewayAccessLog",
              "ApplicationGatewayFirewallLog",
              "ApplicationGatewayPerformanceLog"
            ],
            "logs": [
              "ApplicationGatewayAccessLog",
              "ApplicationGatewayFirewallLog",
              "ApplicationGatewayPerformanceLog"
            ],
            "metrics": [
              "AllMetrics"
            ],
            "resource_id": "/subscriptions/82f6d75e-85f4-434a-ab74-5dddd9fa8910/resourceGroups/rg-lzaks-spoke-aks-infra/providers/Microsoft.Network/applicationGateways/appgw-aks",
            "timeouts": null
          },
          "sensitive_attributes": []
        }
      ]
    },
    {
      "module": "module.diagnostic_setting[\"/subscriptions/82f6d75e-85f4-434a-ab74-5dddd9fa8910/resourceGroups/rg-lzaks-spoke-aks-infra/providers/Microsoft.Network/networkInterfaces/private-endpoint-acr.nic.2e63ab13-43c0-4e33-957f-48370304318e\"]",
      "mode": "data",
      "type": "azurerm_monitor_diagnostic_categories",
      "name": "categories",
      "provider": "provider[\"registry.terraform.io/hashicorp/azurerm\"]",
      "instances": [
        {
          "schema_version": 0,
          "attributes": {
            "id": "/subscriptions/82f6d75e-85f4-434a-ab74-5dddd9fa8910/resourceGroups/rg-lzaks-spoke-aks-infra/providers/Microsoft.Network/networkInterfaces/private-endpoint-acr.nic.2e63ab13-43c0-4e33-957f-48370304318e",
            "log_category_groups": [],
            "log_category_types": [],
            "logs": [],
            "metrics": [
              "AllMetrics"
            ],
            "resource_id": "/subscriptions/82f6d75e-85f4-434a-ab74-5dddd9fa8910/resourceGroups/rg-lzaks-spoke-aks-infra/providers/Microsoft.Network/networkInterfaces/private-endpoint-acr.nic.2e63ab13-43c0-4e33-957f-48370304318e",
            "timeouts": null
          },
          "sensitive_attributes": []
        }
      ]
    },
    {
      "module": "module.diagnostic_setting[\"/subscriptions/82f6d75e-85f4-434a-ab74-5dddd9fa8910/resourceGroups/rg-lzaks-spoke-aks-infra/providers/Microsoft.Network/networkInterfaces/private-endpoint-acr.nic.2e63ab13-43c0-4e33-957f-48370304318e\"]",
      "mode": "managed",
      "type": "azurerm_monitor_diagnostic_setting",
      "name": "diagnostic_settings",
      "provider": "provider[\"registry.terraform.io/hashicorp/azurerm\"]",
      "instances": [
        {
          "schema_version": 0,
          "attributes": {
            "enabled_log": [],
            "eventhub_authorization_rule_id": "",
            "eventhub_name": "",
            "id": "/subscriptions/82f6d75e-85f4-434a-ab74-5dddd9fa8910/resourceGroups/rg-lzaks-spoke-aks-infra/providers/Microsoft.Network/networkInterfaces/private-endpoint-acr.nic.2e63ab13-43c0-4e33-957f-48370304318e|diagnostic-settings",
            "log": [],
            "log_analytics_destination_type": "",
            "log_analytics_workspace_id": "/subscriptions/82f6d75e-85f4-434a-ab74-5dddd9fa8910/resourceGroups/rg-lzaks-management/providers/Microsoft.OperationalInsights/workspaces/loganalyticsforaks011",
            "metric": [
              {
                "category": "AllMetrics",
                "enabled": true,
                "retention_policy": [
                  {
                    "days": 7,
                    "enabled": true
                  }
                ]
              }
            ],
            "name": "diagnostic-settings",
            "partner_solution_id": null,
            "storage_account_id": null,
            "target_resource_id": "/subscriptions/82f6d75e-85f4-434a-ab74-5dddd9fa8910/resourceGroups/rg-lzaks-spoke-aks-infra/providers/Microsoft.Network/networkInterfaces/private-endpoint-acr.nic.2e63ab13-43c0-4e33-957f-48370304318e",
            "timeouts": null
          },
          "sensitive_attributes": [],
          "private": "eyJlMmJmYjczMC1lY2FhLTExZTYtOGY4OC0zNDM2M2JjN2M0YzAiOnsiY3JlYXRlIjoxODAwMDAwMDAwMDAwLCJkZWxldGUiOjM2MDAwMDAwMDAwMDAsInJlYWQiOjMwMDAwMDAwMDAwMCwidXBkYXRlIjoxODAwMDAwMDAwMDAwfX0=",
          "dependencies": [
            "data.azurerm_resources.resources_ds",
            "data.terraform_remote_state.management",
            "module.diagnostic_setting.data.azurerm_monitor_diagnostic_categories.categories"
          ]
        }
      ]
    },
    {
      "module": "module.diagnostic_setting[\"/subscriptions/82f6d75e-85f4-434a-ab74-5dddd9fa8910/resourceGroups/rg-lzaks-spoke-aks-infra/providers/Microsoft.Network/networkInterfaces/private-endpoint-keyvault.nic.900f04bd-7020-4f51-952f-e0563f96093b\"]",
      "mode": "data",
      "type": "azurerm_monitor_diagnostic_categories",
      "name": "categories",
      "provider": "provider[\"registry.terraform.io/hashicorp/azurerm\"]",
      "instances": [
        {
          "schema_version": 0,
          "attributes": {
            "id": "/subscriptions/82f6d75e-85f4-434a-ab74-5dddd9fa8910/resourceGroups/rg-lzaks-spoke-aks-infra/providers/Microsoft.Network/networkInterfaces/private-endpoint-keyvault.nic.900f04bd-7020-4f51-952f-e0563f96093b",
            "log_category_groups": [],
            "log_category_types": [],
            "logs": [],
            "metrics": [
              "AllMetrics"
            ],
            "resource_id": "/subscriptions/82f6d75e-85f4-434a-ab74-5dddd9fa8910/resourceGroups/rg-lzaks-spoke-aks-infra/providers/Microsoft.Network/networkInterfaces/private-endpoint-keyvault.nic.900f04bd-7020-4f51-952f-e0563f96093b",
            "timeouts": null
          },
          "sensitive_attributes": []
        }
      ]
    },
    {
      "module": "module.diagnostic_setting[\"/subscriptions/82f6d75e-85f4-434a-ab74-5dddd9fa8910/resourceGroups/rg-lzaks-spoke-aks-infra/providers/Microsoft.Network/networkInterfaces/private-endpoint-keyvault.nic.900f04bd-7020-4f51-952f-e0563f96093b\"]",
      "mode": "managed",
      "type": "azurerm_monitor_diagnostic_setting",
      "name": "diagnostic_settings",
      "provider": "provider[\"registry.terraform.io/hashicorp/azurerm\"]",
      "instances": [
        {
          "schema_version": 0,
          "attributes": {
            "enabled_log": [],
            "eventhub_authorization_rule_id": "",
            "eventhub_name": "",
            "id": "/subscriptions/82f6d75e-85f4-434a-ab74-5dddd9fa8910/resourceGroups/rg-lzaks-spoke-aks-infra/providers/Microsoft.Network/networkInterfaces/private-endpoint-keyvault.nic.900f04bd-7020-4f51-952f-e0563f96093b|diagnostic-settings",
            "log": [],
            "log_analytics_destination_type": "",
            "log_analytics_workspace_id": "/subscriptions/82f6d75e-85f4-434a-ab74-5dddd9fa8910/resourceGroups/rg-lzaks-management/providers/Microsoft.OperationalInsights/workspaces/loganalyticsforaks011",
            "metric": [
              {
                "category": "AllMetrics",
                "enabled": true,
                "retention_policy": [
                  {
                    "days": 7,
                    "enabled": true
                  }
                ]
              }
            ],
            "name": "diagnostic-settings",
            "partner_solution_id": null,
            "storage_account_id": null,
            "target_resource_id": "/subscriptions/82f6d75e-85f4-434a-ab74-5dddd9fa8910/resourceGroups/rg-lzaks-spoke-aks-infra/providers/Microsoft.Network/networkInterfaces/private-endpoint-keyvault.nic.900f04bd-7020-4f51-952f-e0563f96093b",
            "timeouts": null
          },
          "sensitive_attributes": [],
          "private": "eyJlMmJmYjczMC1lY2FhLTExZTYtOGY4OC0zNDM2M2JjN2M0YzAiOnsiY3JlYXRlIjoxODAwMDAwMDAwMDAwLCJkZWxldGUiOjM2MDAwMDAwMDAwMDAsInJlYWQiOjMwMDAwMDAwMDAwMCwidXBkYXRlIjoxODAwMDAwMDAwMDAwfX0=",
          "dependencies": [
            "data.azurerm_resources.resources_ds",
            "data.terraform_remote_state.management",
            "module.diagnostic_setting.data.azurerm_monitor_diagnostic_categories.categories"
          ]
        }
      ]
    },
    {
      "module": "module.diagnostic_setting[\"/subscriptions/82f6d75e-85f4-434a-ab74-5dddd9fa8910/resourceGroups/rg-lzaks-spoke-aks-infra/providers/Microsoft.Network/networkInterfaces/private-endpoint-storage.nic.6b3fcc0b-e630-414e-960b-616df77495cb\"]",
      "mode": "data",
      "type": "azurerm_monitor_diagnostic_categories",
      "name": "categories",
      "provider": "provider[\"registry.terraform.io/hashicorp/azurerm\"]",
      "instances": [
        {
          "schema_version": 0,
          "attributes": {
            "id": "/subscriptions/82f6d75e-85f4-434a-ab74-5dddd9fa8910/resourceGroups/rg-lzaks-spoke-aks-infra/providers/Microsoft.Network/networkInterfaces/private-endpoint-storage.nic.6b3fcc0b-e630-414e-960b-616df77495cb",
            "log_category_groups": [],
            "log_category_types": [],
            "logs": [],
            "metrics": [
              "AllMetrics"
            ],
            "resource_id": "/subscriptions/82f6d75e-85f4-434a-ab74-5dddd9fa8910/resourceGroups/rg-lzaks-spoke-aks-infra/providers/Microsoft.Network/networkInterfaces/private-endpoint-storage.nic.6b3fcc0b-e630-414e-960b-616df77495cb",
            "timeouts": null
          },
          "sensitive_attributes": []
        }
      ]
    },
    {
      "module": "module.diagnostic_setting[\"/subscriptions/82f6d75e-85f4-434a-ab74-5dddd9fa8910/resourceGroups/rg-lzaks-spoke-aks-infra/providers/Microsoft.Network/networkInterfaces/private-endpoint-storage.nic.6b3fcc0b-e630-414e-960b-616df77495cb\"]",
      "mode": "managed",
      "type": "azurerm_monitor_diagnostic_setting",
      "name": "diagnostic_settings",
      "provider": "provider[\"registry.terraform.io/hashicorp/azurerm\"]",
      "instances": [
        {
          "schema_version": 0,
          "attributes": {
            "enabled_log": [],
            "eventhub_authorization_rule_id": "",
            "eventhub_name": "",
            "id": "/subscriptions/82f6d75e-85f4-434a-ab74-5dddd9fa8910/resourceGroups/rg-lzaks-spoke-aks-infra/providers/Microsoft.Network/networkInterfaces/private-endpoint-storage.nic.6b3fcc0b-e630-414e-960b-616df77495cb|diagnostic-settings",
            "log": [],
            "log_analytics_destination_type": "",
            "log_analytics_workspace_id": "/subscriptions/82f6d75e-85f4-434a-ab74-5dddd9fa8910/resourceGroups/rg-lzaks-management/providers/Microsoft.OperationalInsights/workspaces/loganalyticsforaks011",
            "metric": [
              {
                "category": "AllMetrics",
                "enabled": true,
                "retention_policy": [
                  {
                    "days": 7,
                    "enabled": true
                  }
                ]
              }
            ],
            "name": "diagnostic-settings",
            "partner_solution_id": null,
            "storage_account_id": null,
            "target_resource_id": "/subscriptions/82f6d75e-85f4-434a-ab74-5dddd9fa8910/resourceGroups/rg-lzaks-spoke-aks-infra/providers/Microsoft.Network/networkInterfaces/private-endpoint-storage.nic.6b3fcc0b-e630-414e-960b-616df77495cb",
            "timeouts": null
          },
          "sensitive_attributes": [],
          "private": "eyJlMmJmYjczMC1lY2FhLTExZTYtOGY4OC0zNDM2M2JjN2M0YzAiOnsiY3JlYXRlIjoxODAwMDAwMDAwMDAwLCJkZWxldGUiOjM2MDAwMDAwMDAwMDAsInJlYWQiOjMwMDAwMDAwMDAwMCwidXBkYXRlIjoxODAwMDAwMDAwMDAwfX0=",
          "dependencies": [
            "data.azurerm_resources.resources_ds",
            "data.terraform_remote_state.management",
            "module.diagnostic_setting.data.azurerm_monitor_diagnostic_categories.categories"
          ]
        }
      ]
    },
    {
      "module": "module.diagnostic_setting[\"/subscriptions/82f6d75e-85f4-434a-ab74-5dddd9fa8910/resourceGroups/rg-lzaks-spoke-aks-infra/providers/Microsoft.Network/networkSecurityGroups/vnet-spoke-aks-subnet-apiserver-nsg-westeurope\"]",
      "mode": "data",
      "type": "azurerm_monitor_diagnostic_categories",
      "name": "categories",
      "provider": "provider[\"registry.terraform.io/hashicorp/azurerm\"]",
      "instances": [
        {
          "schema_version": 0,
          "attributes": {
            "id": "/subscriptions/82f6d75e-85f4-434a-ab74-5dddd9fa8910/resourceGroups/rg-lzaks-spoke-aks-infra/providers/Microsoft.Network/networkSecurityGroups/vnet-spoke-aks-subnet-apiserver-nsg-westeurope",
            "log_category_groups": [
              "allLogs"
            ],
            "log_category_types": [
              "NetworkSecurityGroupEvent",
              "NetworkSecurityGroupRuleCounter"
            ],
            "logs": [
              "NetworkSecurityGroupEvent",
              "NetworkSecurityGroupRuleCounter"
            ],
            "metrics": [],
            "resource_id": "/subscriptions/82f6d75e-85f4-434a-ab74-5dddd9fa8910/resourceGroups/rg-lzaks-spoke-aks-infra/providers/Microsoft.Network/networkSecurityGroups/vnet-spoke-aks-subnet-apiserver-nsg-westeurope",
            "timeouts": null
          },
          "sensitive_attributes": []
        }
      ]
    },
    {
      "module": "module.diagnostic_setting[\"/subscriptions/82f6d75e-85f4-434a-ab74-5dddd9fa8910/resourceGroups/rg-lzaks-spoke-aks-infra/providers/Microsoft.Network/networkSecurityGroups/vnet-spoke-aks-subnet-apiserver-nsg-westeurope\"]",
      "mode": "managed",
      "type": "azurerm_monitor_diagnostic_setting",
      "name": "diagnostic_settings",
      "provider": "provider[\"registry.terraform.io/hashicorp/azurerm\"]",
      "instances": [
        {
          "schema_version": 0,
          "attributes": {
            "enabled_log": [
              {
                "category": "NetworkSecurityGroupEvent",
                "category_group": "",
                "retention_policy": [
                  {
                    "days": 7,
                    "enabled": true
                  }
                ]
              },
              {
                "category": "NetworkSecurityGroupRuleCounter",
                "category_group": "",
                "retention_policy": [
                  {
                    "days": 7,
                    "enabled": true
                  }
                ]
              }
            ],
            "eventhub_authorization_rule_id": "",
            "eventhub_name": "",
            "id": "/subscriptions/82f6d75e-85f4-434a-ab74-5dddd9fa8910/resourceGroups/rg-lzaks-spoke-aks-infra/providers/Microsoft.Network/networkSecurityGroups/vnet-spoke-aks-subnet-apiserver-nsg-westeurope|diagnostic-settings",
            "log": [
              {
                "category": "NetworkSecurityGroupEvent",
                "category_group": "",
                "enabled": true,
                "retention_policy": [
                  {
                    "days": 7,
                    "enabled": true
                  }
                ]
              },
              {
                "category": "NetworkSecurityGroupRuleCounter",
                "category_group": "",
                "enabled": true,
                "retention_policy": [
                  {
                    "days": 7,
                    "enabled": true
                  }
                ]
              }
            ],
            "log_analytics_destination_type": "",
            "log_analytics_workspace_id": "/subscriptions/82f6d75e-85f4-434a-ab74-5dddd9fa8910/resourceGroups/rg-lzaks-management/providers/Microsoft.OperationalInsights/workspaces/loganalyticsforaks011",
            "metric": [],
            "name": "diagnostic-settings",
            "partner_solution_id": null,
            "storage_account_id": null,
            "target_resource_id": "/subscriptions/82f6d75e-85f4-434a-ab74-5dddd9fa8910/resourceGroups/rg-lzaks-spoke-aks-infra/providers/Microsoft.Network/networkSecurityGroups/vnet-spoke-aks-subnet-apiserver-nsg-westeurope",
            "timeouts": null
          },
          "sensitive_attributes": [],
          "private": "eyJlMmJmYjczMC1lY2FhLTExZTYtOGY4OC0zNDM2M2JjN2M0YzAiOnsiY3JlYXRlIjoxODAwMDAwMDAwMDAwLCJkZWxldGUiOjM2MDAwMDAwMDAwMDAsInJlYWQiOjMwMDAwMDAwMDAwMCwidXBkYXRlIjoxODAwMDAwMDAwMDAwfX0=",
          "dependencies": [
            "data.azurerm_resources.resources_ds",
            "data.terraform_remote_state.management",
            "module.diagnostic_setting.data.azurerm_monitor_diagnostic_categories.categories"
          ]
        }
      ]
    },
    {
      "module": "module.diagnostic_setting[\"/subscriptions/82f6d75e-85f4-434a-ab74-5dddd9fa8910/resourceGroups/rg-lzaks-spoke-aks-infra/providers/Microsoft.Network/networkSecurityGroups/vnet-spoke-aks-subnet-appgw-nsg-westeurope\"]",
      "mode": "data",
      "type": "azurerm_monitor_diagnostic_categories",
      "name": "categories",
      "provider": "provider[\"registry.terraform.io/hashicorp/azurerm\"]",
      "instances": [
        {
          "schema_version": 0,
          "attributes": {
            "id": "/subscriptions/82f6d75e-85f4-434a-ab74-5dddd9fa8910/resourceGroups/rg-lzaks-spoke-aks-infra/providers/Microsoft.Network/networkSecurityGroups/vnet-spoke-aks-subnet-appgw-nsg-westeurope",
            "log_category_groups": [
              "allLogs"
            ],
            "log_category_types": [
              "NetworkSecurityGroupEvent",
              "NetworkSecurityGroupRuleCounter"
            ],
            "logs": [
              "NetworkSecurityGroupEvent",
              "NetworkSecurityGroupRuleCounter"
            ],
            "metrics": [],
            "resource_id": "/subscriptions/82f6d75e-85f4-434a-ab74-5dddd9fa8910/resourceGroups/rg-lzaks-spoke-aks-infra/providers/Microsoft.Network/networkSecurityGroups/vnet-spoke-aks-subnet-appgw-nsg-westeurope",
            "timeouts": null
          },
          "sensitive_attributes": []
        }
      ]
    },
    {
      "module": "module.diagnostic_setting[\"/subscriptions/82f6d75e-85f4-434a-ab74-5dddd9fa8910/resourceGroups/rg-lzaks-spoke-aks-infra/providers/Microsoft.Network/networkSecurityGroups/vnet-spoke-aks-subnet-appgw-nsg-westeurope\"]",
      "mode": "managed",
      "type": "azurerm_monitor_diagnostic_setting",
      "name": "diagnostic_settings",
      "provider": "provider[\"registry.terraform.io/hashicorp/azurerm\"]",
      "instances": [
        {
          "schema_version": 0,
          "attributes": {
            "enabled_log": [
              {
                "category": "NetworkSecurityGroupEvent",
                "category_group": "",
                "retention_policy": [
                  {
                    "days": 7,
                    "enabled": true
                  }
                ]
              },
              {
                "category": "NetworkSecurityGroupRuleCounter",
                "category_group": "",
                "retention_policy": [
                  {
                    "days": 7,
                    "enabled": true
                  }
                ]
              }
            ],
            "eventhub_authorization_rule_id": "",
            "eventhub_name": "",
            "id": "/subscriptions/82f6d75e-85f4-434a-ab74-5dddd9fa8910/resourceGroups/rg-lzaks-spoke-aks-infra/providers/Microsoft.Network/networkSecurityGroups/vnet-spoke-aks-subnet-appgw-nsg-westeurope|diagnostic-settings",
            "log": [
              {
                "category": "NetworkSecurityGroupEvent",
                "category_group": "",
                "enabled": true,
                "retention_policy": [
                  {
                    "days": 7,
                    "enabled": true
                  }
                ]
              },
              {
                "category": "NetworkSecurityGroupRuleCounter",
                "category_group": "",
                "enabled": true,
                "retention_policy": [
                  {
                    "days": 7,
                    "enabled": true
                  }
                ]
              }
            ],
            "log_analytics_destination_type": "",
            "log_analytics_workspace_id": "/subscriptions/82f6d75e-85f4-434a-ab74-5dddd9fa8910/resourceGroups/rg-lzaks-management/providers/Microsoft.OperationalInsights/workspaces/loganalyticsforaks011",
            "metric": [],
            "name": "diagnostic-settings",
            "partner_solution_id": null,
            "storage_account_id": null,
            "target_resource_id": "/subscriptions/82f6d75e-85f4-434a-ab74-5dddd9fa8910/resourceGroups/rg-lzaks-spoke-aks-infra/providers/Microsoft.Network/networkSecurityGroups/vnet-spoke-aks-subnet-appgw-nsg-westeurope",
            "timeouts": null
          },
          "sensitive_attributes": [],
          "private": "eyJlMmJmYjczMC1lY2FhLTExZTYtOGY4OC0zNDM2M2JjN2M0YzAiOnsiY3JlYXRlIjoxODAwMDAwMDAwMDAwLCJkZWxldGUiOjM2MDAwMDAwMDAwMDAsInJlYWQiOjMwMDAwMDAwMDAwMCwidXBkYXRlIjoxODAwMDAwMDAwMDAwfX0=",
          "dependencies": [
            "data.azurerm_resources.resources_ds",
            "data.terraform_remote_state.management",
            "module.diagnostic_setting.data.azurerm_monitor_diagnostic_categories.categories"
          ]
        }
      ]
    },
    {
      "module": "module.diagnostic_setting[\"/subscriptions/82f6d75e-85f4-434a-ab74-5dddd9fa8910/resourceGroups/rg-lzaks-spoke-aks-infra/providers/Microsoft.Network/networkSecurityGroups/vnet-spoke-aks-subnet-nodes-nsg-westeurope\"]",
      "mode": "data",
      "type": "azurerm_monitor_diagnostic_categories",
      "name": "categories",
      "provider": "provider[\"registry.terraform.io/hashicorp/azurerm\"]",
      "instances": [
        {
          "schema_version": 0,
          "attributes": {
            "id": "/subscriptions/82f6d75e-85f4-434a-ab74-5dddd9fa8910/resourceGroups/rg-lzaks-spoke-aks-infra/providers/Microsoft.Network/networkSecurityGroups/vnet-spoke-aks-subnet-nodes-nsg-westeurope",
            "log_category_groups": [
              "allLogs"
            ],
            "log_category_types": [
              "NetworkSecurityGroupEvent",
              "NetworkSecurityGroupRuleCounter"
            ],
            "logs": [
              "NetworkSecurityGroupEvent",
              "NetworkSecurityGroupRuleCounter"
            ],
            "metrics": [],
            "resource_id": "/subscriptions/82f6d75e-85f4-434a-ab74-5dddd9fa8910/resourceGroups/rg-lzaks-spoke-aks-infra/providers/Microsoft.Network/networkSecurityGroups/vnet-spoke-aks-subnet-nodes-nsg-westeurope",
            "timeouts": null
          },
          "sensitive_attributes": []
        }
      ]
    },
    {
      "module": "module.diagnostic_setting[\"/subscriptions/82f6d75e-85f4-434a-ab74-5dddd9fa8910/resourceGroups/rg-lzaks-spoke-aks-infra/providers/Microsoft.Network/networkSecurityGroups/vnet-spoke-aks-subnet-nodes-nsg-westeurope\"]",
      "mode": "managed",
      "type": "azurerm_monitor_diagnostic_setting",
      "name": "diagnostic_settings",
      "provider": "provider[\"registry.terraform.io/hashicorp/azurerm\"]",
      "instances": [
        {
          "schema_version": 0,
          "attributes": {
            "enabled_log": [
              {
                "category": "NetworkSecurityGroupEvent",
                "category_group": "",
                "retention_policy": [
                  {
                    "days": 7,
                    "enabled": true
                  }
                ]
              },
              {
                "category": "NetworkSecurityGroupRuleCounter",
                "category_group": "",
                "retention_policy": [
                  {
                    "days": 7,
                    "enabled": true
                  }
                ]
              }
            ],
            "eventhub_authorization_rule_id": "",
            "eventhub_name": "",
            "id": "/subscriptions/82f6d75e-85f4-434a-ab74-5dddd9fa8910/resourceGroups/rg-lzaks-spoke-aks-infra/providers/Microsoft.Network/networkSecurityGroups/vnet-spoke-aks-subnet-nodes-nsg-westeurope|diagnostic-settings",
            "log": [
              {
                "category": "NetworkSecurityGroupEvent",
                "category_group": "",
                "enabled": true,
                "retention_policy": [
                  {
                    "days": 7,
                    "enabled": true
                  }
                ]
              },
              {
                "category": "NetworkSecurityGroupRuleCounter",
                "category_group": "",
                "enabled": true,
                "retention_policy": [
                  {
                    "days": 7,
                    "enabled": true
                  }
                ]
              }
            ],
            "log_analytics_destination_type": "",
            "log_analytics_workspace_id": "/subscriptions/82f6d75e-85f4-434a-ab74-5dddd9fa8910/resourceGroups/rg-lzaks-management/providers/Microsoft.OperationalInsights/workspaces/loganalyticsforaks011",
            "metric": [],
            "name": "diagnostic-settings",
            "partner_solution_id": null,
            "storage_account_id": null,
            "target_resource_id": "/subscriptions/82f6d75e-85f4-434a-ab74-5dddd9fa8910/resourceGroups/rg-lzaks-spoke-aks-infra/providers/Microsoft.Network/networkSecurityGroups/vnet-spoke-aks-subnet-nodes-nsg-westeurope",
            "timeouts": null
          },
          "sensitive_attributes": [],
          "private": "eyJlMmJmYjczMC1lY2FhLTExZTYtOGY4OC0zNDM2M2JjN2M0YzAiOnsiY3JlYXRlIjoxODAwMDAwMDAwMDAwLCJkZWxldGUiOjM2MDAwMDAwMDAwMDAsInJlYWQiOjMwMDAwMDAwMDAwMCwidXBkYXRlIjoxODAwMDAwMDAwMDAwfX0=",
          "dependencies": [
            "data.azurerm_resources.resources_ds",
            "data.terraform_remote_state.management",
            "module.diagnostic_setting.data.azurerm_monitor_diagnostic_categories.categories"
          ]
        }
      ]
    },
    {
      "module": "module.diagnostic_setting[\"/subscriptions/82f6d75e-85f4-434a-ab74-5dddd9fa8910/resourceGroups/rg-lzaks-spoke-aks-infra/providers/Microsoft.Network/networkSecurityGroups/vnet-spoke-aks-subnet-nodes-poolappsamd-nsg-westeurope\"]",
      "mode": "data",
      "type": "azurerm_monitor_diagnostic_categories",
      "name": "categories",
      "provider": "provider[\"registry.terraform.io/hashicorp/azurerm\"]",
      "instances": [
        {
          "schema_version": 0,
          "attributes": {
            "id": "/subscriptions/82f6d75e-85f4-434a-ab74-5dddd9fa8910/resourceGroups/rg-lzaks-spoke-aks-infra/providers/Microsoft.Network/networkSecurityGroups/vnet-spoke-aks-subnet-nodes-poolappsamd-nsg-westeurope",
            "log_category_groups": [
              "allLogs"
            ],
            "log_category_types": [
              "NetworkSecurityGroupEvent",
              "NetworkSecurityGroupRuleCounter"
            ],
            "logs": [
              "NetworkSecurityGroupEvent",
              "NetworkSecurityGroupRuleCounter"
            ],
            "metrics": [],
            "resource_id": "/subscriptions/82f6d75e-85f4-434a-ab74-5dddd9fa8910/resourceGroups/rg-lzaks-spoke-aks-infra/providers/Microsoft.Network/networkSecurityGroups/vnet-spoke-aks-subnet-nodes-poolappsamd-nsg-westeurope",
            "timeouts": null
          },
          "sensitive_attributes": []
        }
      ]
    },
    {
      "module": "module.diagnostic_setting[\"/subscriptions/82f6d75e-85f4-434a-ab74-5dddd9fa8910/resourceGroups/rg-lzaks-spoke-aks-infra/providers/Microsoft.Network/networkSecurityGroups/vnet-spoke-aks-subnet-nodes-poolappsamd-nsg-westeurope\"]",
      "mode": "managed",
      "type": "azurerm_monitor_diagnostic_setting",
      "name": "diagnostic_settings",
      "provider": "provider[\"registry.terraform.io/hashicorp/azurerm\"]",
      "instances": [
        {
          "schema_version": 0,
          "attributes": {
            "enabled_log": [
              {
                "category": "NetworkSecurityGroupEvent",
                "category_group": "",
                "retention_policy": [
                  {
                    "days": 7,
                    "enabled": true
                  }
                ]
              },
              {
                "category": "NetworkSecurityGroupRuleCounter",
                "category_group": "",
                "retention_policy": [
                  {
                    "days": 7,
                    "enabled": true
                  }
                ]
              }
            ],
            "eventhub_authorization_rule_id": "",
            "eventhub_name": "",
            "id": "/subscriptions/82f6d75e-85f4-434a-ab74-5dddd9fa8910/resourceGroups/rg-lzaks-spoke-aks-infra/providers/Microsoft.Network/networkSecurityGroups/vnet-spoke-aks-subnet-nodes-poolappsamd-nsg-westeurope|diagnostic-settings",
            "log": [
              {
                "category": "NetworkSecurityGroupEvent",
                "category_group": "",
                "enabled": true,
                "retention_policy": [
                  {
                    "days": 7,
                    "enabled": true
                  }
                ]
              },
              {
                "category": "NetworkSecurityGroupRuleCounter",
                "category_group": "",
                "enabled": true,
                "retention_policy": [
                  {
                    "days": 7,
                    "enabled": true
                  }
                ]
              }
            ],
            "log_analytics_destination_type": "",
            "log_analytics_workspace_id": "/subscriptions/82f6d75e-85f4-434a-ab74-5dddd9fa8910/resourceGroups/rg-lzaks-management/providers/Microsoft.OperationalInsights/workspaces/loganalyticsforaks011",
            "metric": [],
            "name": "diagnostic-settings",
            "partner_solution_id": null,
            "storage_account_id": null,
            "target_resource_id": "/subscriptions/82f6d75e-85f4-434a-ab74-5dddd9fa8910/resourceGroups/rg-lzaks-spoke-aks-infra/providers/Microsoft.Network/networkSecurityGroups/vnet-spoke-aks-subnet-nodes-poolappsamd-nsg-westeurope",
            "timeouts": null
          },
          "sensitive_attributes": [],
          "private": "eyJlMmJmYjczMC1lY2FhLTExZTYtOGY4OC0zNDM2M2JjN2M0YzAiOnsiY3JlYXRlIjoxODAwMDAwMDAwMDAwLCJkZWxldGUiOjM2MDAwMDAwMDAwMDAsInJlYWQiOjMwMDAwMDAwMDAwMCwidXBkYXRlIjoxODAwMDAwMDAwMDAwfX0=",
          "dependencies": [
            "data.azurerm_resources.resources_ds",
            "data.terraform_remote_state.management",
            "module.diagnostic_setting.data.azurerm_monitor_diagnostic_categories.categories"
          ]
        }
      ]
    },
    {
      "module": "module.diagnostic_setting[\"/subscriptions/82f6d75e-85f4-434a-ab74-5dddd9fa8910/resourceGroups/rg-lzaks-spoke-aks-infra/providers/Microsoft.Network/networkSecurityGroups/vnet-spoke-aks-subnet-nodes-poolappsarm-nsg-westeurope\"]",
      "mode": "data",
      "type": "azurerm_monitor_diagnostic_categories",
      "name": "categories",
      "provider": "provider[\"registry.terraform.io/hashicorp/azurerm\"]",
      "instances": [
        {
          "schema_version": 0,
          "attributes": {
            "id": "/subscriptions/82f6d75e-85f4-434a-ab74-5dddd9fa8910/resourceGroups/rg-lzaks-spoke-aks-infra/providers/Microsoft.Network/networkSecurityGroups/vnet-spoke-aks-subnet-nodes-poolappsarm-nsg-westeurope",
            "log_category_groups": [
              "allLogs"
            ],
            "log_category_types": [
              "NetworkSecurityGroupEvent",
              "NetworkSecurityGroupRuleCounter"
            ],
            "logs": [
              "NetworkSecurityGroupEvent",
              "NetworkSecurityGroupRuleCounter"
            ],
            "metrics": [],
            "resource_id": "/subscriptions/82f6d75e-85f4-434a-ab74-5dddd9fa8910/resourceGroups/rg-lzaks-spoke-aks-infra/providers/Microsoft.Network/networkSecurityGroups/vnet-spoke-aks-subnet-nodes-poolappsarm-nsg-westeurope",
            "timeouts": null
          },
          "sensitive_attributes": []
        }
      ]
    },
    {
      "module": "module.diagnostic_setting[\"/subscriptions/82f6d75e-85f4-434a-ab74-5dddd9fa8910/resourceGroups/rg-lzaks-spoke-aks-infra/providers/Microsoft.Network/networkSecurityGroups/vnet-spoke-aks-subnet-nodes-poolappsarm-nsg-westeurope\"]",
      "mode": "managed",
      "type": "azurerm_monitor_diagnostic_setting",
      "name": "diagnostic_settings",
      "provider": "provider[\"registry.terraform.io/hashicorp/azurerm\"]",
      "instances": [
        {
          "schema_version": 0,
          "attributes": {
            "enabled_log": [
              {
                "category": "NetworkSecurityGroupEvent",
                "category_group": "",
                "retention_policy": [
                  {
                    "days": 7,
                    "enabled": true
                  }
                ]
              },
              {
                "category": "NetworkSecurityGroupRuleCounter",
                "category_group": "",
                "retention_policy": [
                  {
                    "days": 7,
                    "enabled": true
                  }
                ]
              }
            ],
            "eventhub_authorization_rule_id": "",
            "eventhub_name": "",
            "id": "/subscriptions/82f6d75e-85f4-434a-ab74-5dddd9fa8910/resourceGroups/rg-lzaks-spoke-aks-infra/providers/Microsoft.Network/networkSecurityGroups/vnet-spoke-aks-subnet-nodes-poolappsarm-nsg-westeurope|diagnostic-settings",
            "log": [
              {
                "category": "NetworkSecurityGroupEvent",
                "category_group": "",
                "enabled": true,
                "retention_policy": [
                  {
                    "days": 7,
                    "enabled": true
                  }
                ]
              },
              {
                "category": "NetworkSecurityGroupRuleCounter",
                "category_group": "",
                "enabled": true,
                "retention_policy": [
                  {
                    "days": 7,
                    "enabled": true
                  }
                ]
              }
            ],
            "log_analytics_destination_type": "",
            "log_analytics_workspace_id": "/subscriptions/82f6d75e-85f4-434a-ab74-5dddd9fa8910/resourceGroups/rg-lzaks-management/providers/Microsoft.OperationalInsights/workspaces/loganalyticsforaks011",
            "metric": [],
            "name": "diagnostic-settings",
            "partner_solution_id": null,
            "storage_account_id": null,
            "target_resource_id": "/subscriptions/82f6d75e-85f4-434a-ab74-5dddd9fa8910/resourceGroups/rg-lzaks-spoke-aks-infra/providers/Microsoft.Network/networkSecurityGroups/vnet-spoke-aks-subnet-nodes-poolappsarm-nsg-westeurope",
            "timeouts": null
          },
          "sensitive_attributes": [],
          "private": "eyJlMmJmYjczMC1lY2FhLTExZTYtOGY4OC0zNDM2M2JjN2M0YzAiOnsiY3JlYXRlIjoxODAwMDAwMDAwMDAwLCJkZWxldGUiOjM2MDAwMDAwMDAwMDAsInJlYWQiOjMwMDAwMDAwMDAwMCwidXBkYXRlIjoxODAwMDAwMDAwMDAwfX0=",
          "dependencies": [
            "data.azurerm_resources.resources_ds",
            "data.terraform_remote_state.management",
            "module.diagnostic_setting.data.azurerm_monitor_diagnostic_categories.categories"
          ]
        }
      ]
    },
    {
      "module": "module.diagnostic_setting[\"/subscriptions/82f6d75e-85f4-434a-ab74-5dddd9fa8910/resourceGroups/rg-lzaks-spoke-aks-infra/providers/Microsoft.Network/networkSecurityGroups/vnet-spoke-aks-subnet-pods-nsg-westeurope\"]",
      "mode": "data",
      "type": "azurerm_monitor_diagnostic_categories",
      "name": "categories",
      "provider": "provider[\"registry.terraform.io/hashicorp/azurerm\"]",
      "instances": [
        {
          "schema_version": 0,
          "attributes": {
            "id": "/subscriptions/82f6d75e-85f4-434a-ab74-5dddd9fa8910/resourceGroups/rg-lzaks-spoke-aks-infra/providers/Microsoft.Network/networkSecurityGroups/vnet-spoke-aks-subnet-pods-nsg-westeurope",
            "log_category_groups": [
              "allLogs"
            ],
            "log_category_types": [
              "NetworkSecurityGroupEvent",
              "NetworkSecurityGroupRuleCounter"
            ],
            "logs": [
              "NetworkSecurityGroupEvent",
              "NetworkSecurityGroupRuleCounter"
            ],
            "metrics": [],
            "resource_id": "/subscriptions/82f6d75e-85f4-434a-ab74-5dddd9fa8910/resourceGroups/rg-lzaks-spoke-aks-infra/providers/Microsoft.Network/networkSecurityGroups/vnet-spoke-aks-subnet-pods-nsg-westeurope",
            "timeouts": null
          },
          "sensitive_attributes": []
        }
      ]
    },
    {
      "module": "module.diagnostic_setting[\"/subscriptions/82f6d75e-85f4-434a-ab74-5dddd9fa8910/resourceGroups/rg-lzaks-spoke-aks-infra/providers/Microsoft.Network/networkSecurityGroups/vnet-spoke-aks-subnet-pods-nsg-westeurope\"]",
      "mode": "managed",
      "type": "azurerm_monitor_diagnostic_setting",
      "name": "diagnostic_settings",
      "provider": "provider[\"registry.terraform.io/hashicorp/azurerm\"]",
      "instances": [
        {
          "schema_version": 0,
          "attributes": {
            "enabled_log": [
              {
                "category": "NetworkSecurityGroupEvent",
                "category_group": "",
                "retention_policy": [
                  {
                    "days": 7,
                    "enabled": true
                  }
                ]
              },
              {
                "category": "NetworkSecurityGroupRuleCounter",
                "category_group": "",
                "retention_policy": [
                  {
                    "days": 7,
                    "enabled": true
                  }
                ]
              }
            ],
            "eventhub_authorization_rule_id": "",
            "eventhub_name": "",
            "id": "/subscriptions/82f6d75e-85f4-434a-ab74-5dddd9fa8910/resourceGroups/rg-lzaks-spoke-aks-infra/providers/Microsoft.Network/networkSecurityGroups/vnet-spoke-aks-subnet-pods-nsg-westeurope|diagnostic-settings",
            "log": [
              {
                "category": "NetworkSecurityGroupEvent",
                "category_group": "",
                "enabled": true,
                "retention_policy": [
                  {
                    "days": 7,
                    "enabled": true
                  }
                ]
              },
              {
                "category": "NetworkSecurityGroupRuleCounter",
                "category_group": "",
                "enabled": true,
                "retention_policy": [
                  {
                    "days": 7,
                    "enabled": true
                  }
                ]
              }
            ],
            "log_analytics_destination_type": "",
            "log_analytics_workspace_id": "/subscriptions/82f6d75e-85f4-434a-ab74-5dddd9fa8910/resourceGroups/rg-lzaks-management/providers/Microsoft.OperationalInsights/workspaces/loganalyticsforaks011",
            "metric": [],
            "name": "diagnostic-settings",
            "partner_solution_id": null,
            "storage_account_id": null,
            "target_resource_id": "/subscriptions/82f6d75e-85f4-434a-ab74-5dddd9fa8910/resourceGroups/rg-lzaks-spoke-aks-infra/providers/Microsoft.Network/networkSecurityGroups/vnet-spoke-aks-subnet-pods-nsg-westeurope",
            "timeouts": null
          },
          "sensitive_attributes": [],
          "private": "eyJlMmJmYjczMC1lY2FhLTExZTYtOGY4OC0zNDM2M2JjN2M0YzAiOnsiY3JlYXRlIjoxODAwMDAwMDAwMDAwLCJkZWxldGUiOjM2MDAwMDAwMDAwMDAsInJlYWQiOjMwMDAwMDAwMDAwMCwidXBkYXRlIjoxODAwMDAwMDAwMDAwfX0=",
          "dependencies": [
            "data.azurerm_resources.resources_ds",
            "data.terraform_remote_state.management",
            "module.diagnostic_setting.data.azurerm_monitor_diagnostic_categories.categories"
          ]
        }
      ]
    },
    {
      "module": "module.diagnostic_setting[\"/subscriptions/82f6d75e-85f4-434a-ab74-5dddd9fa8910/resourceGroups/rg-lzaks-spoke-aks-infra/providers/Microsoft.Network/networkSecurityGroups/vnet-spoke-aks-subnet-pods-poolappsamd-nsg-westeurope\"]",
      "mode": "data",
      "type": "azurerm_monitor_diagnostic_categories",
      "name": "categories",
      "provider": "provider[\"registry.terraform.io/hashicorp/azurerm\"]",
      "instances": [
        {
          "schema_version": 0,
          "attributes": {
            "id": "/subscriptions/82f6d75e-85f4-434a-ab74-5dddd9fa8910/resourceGroups/rg-lzaks-spoke-aks-infra/providers/Microsoft.Network/networkSecurityGroups/vnet-spoke-aks-subnet-pods-poolappsamd-nsg-westeurope",
            "log_category_groups": [
              "allLogs"
            ],
            "log_category_types": [
              "NetworkSecurityGroupEvent",
              "NetworkSecurityGroupRuleCounter"
            ],
            "logs": [
              "NetworkSecurityGroupEvent",
              "NetworkSecurityGroupRuleCounter"
            ],
            "metrics": [],
            "resource_id": "/subscriptions/82f6d75e-85f4-434a-ab74-5dddd9fa8910/resourceGroups/rg-lzaks-spoke-aks-infra/providers/Microsoft.Network/networkSecurityGroups/vnet-spoke-aks-subnet-pods-poolappsamd-nsg-westeurope",
            "timeouts": null
          },
          "sensitive_attributes": []
        }
      ]
    },
    {
      "module": "module.diagnostic_setting[\"/subscriptions/82f6d75e-85f4-434a-ab74-5dddd9fa8910/resourceGroups/rg-lzaks-spoke-aks-infra/providers/Microsoft.Network/networkSecurityGroups/vnet-spoke-aks-subnet-pods-poolappsamd-nsg-westeurope\"]",
      "mode": "managed",
      "type": "azurerm_monitor_diagnostic_setting",
      "name": "diagnostic_settings",
      "provider": "provider[\"registry.terraform.io/hashicorp/azurerm\"]",
      "instances": [
        {
          "schema_version": 0,
          "attributes": {
            "enabled_log": [
              {
                "category": "NetworkSecurityGroupEvent",
                "category_group": "",
                "retention_policy": [
                  {
                    "days": 7,
                    "enabled": true
                  }
                ]
              },
              {
                "category": "NetworkSecurityGroupRuleCounter",
                "category_group": "",
                "retention_policy": [
                  {
                    "days": 7,
                    "enabled": true
                  }
                ]
              }
            ],
            "eventhub_authorization_rule_id": "",
            "eventhub_name": "",
            "id": "/subscriptions/82f6d75e-85f4-434a-ab74-5dddd9fa8910/resourceGroups/rg-lzaks-spoke-aks-infra/providers/Microsoft.Network/networkSecurityGroups/vnet-spoke-aks-subnet-pods-poolappsamd-nsg-westeurope|diagnostic-settings",
            "log": [
              {
                "category": "NetworkSecurityGroupEvent",
                "category_group": "",
                "enabled": true,
                "retention_policy": [
                  {
                    "days": 7,
                    "enabled": true
                  }
                ]
              },
              {
                "category": "NetworkSecurityGroupRuleCounter",
                "category_group": "",
                "enabled": true,
                "retention_policy": [
                  {
                    "days": 7,
                    "enabled": true
                  }
                ]
              }
            ],
            "log_analytics_destination_type": "",
            "log_analytics_workspace_id": "/subscriptions/82f6d75e-85f4-434a-ab74-5dddd9fa8910/resourceGroups/rg-lzaks-management/providers/Microsoft.OperationalInsights/workspaces/loganalyticsforaks011",
            "metric": [],
            "name": "diagnostic-settings",
            "partner_solution_id": null,
            "storage_account_id": null,
            "target_resource_id": "/subscriptions/82f6d75e-85f4-434a-ab74-5dddd9fa8910/resourceGroups/rg-lzaks-spoke-aks-infra/providers/Microsoft.Network/networkSecurityGroups/vnet-spoke-aks-subnet-pods-poolappsamd-nsg-westeurope",
            "timeouts": null
          },
          "sensitive_attributes": [],
          "private": "eyJlMmJmYjczMC1lY2FhLTExZTYtOGY4OC0zNDM2M2JjN2M0YzAiOnsiY3JlYXRlIjoxODAwMDAwMDAwMDAwLCJkZWxldGUiOjM2MDAwMDAwMDAwMDAsInJlYWQiOjMwMDAwMDAwMDAwMCwidXBkYXRlIjoxODAwMDAwMDAwMDAwfX0=",
          "dependencies": [
            "data.azurerm_resources.resources_ds",
            "data.terraform_remote_state.management",
            "module.diagnostic_setting.data.azurerm_monitor_diagnostic_categories.categories"
          ]
        }
      ]
    },
    {
      "module": "module.diagnostic_setting[\"/subscriptions/82f6d75e-85f4-434a-ab74-5dddd9fa8910/resourceGroups/rg-lzaks-spoke-aks-infra/providers/Microsoft.Network/networkSecurityGroups/vnet-spoke-aks-subnet-pods-poolappsarm-nsg-westeurope\"]",
      "mode": "data",
      "type": "azurerm_monitor_diagnostic_categories",
      "name": "categories",
      "provider": "provider[\"registry.terraform.io/hashicorp/azurerm\"]",
      "instances": [
        {
          "schema_version": 0,
          "attributes": {
            "id": "/subscriptions/82f6d75e-85f4-434a-ab74-5dddd9fa8910/resourceGroups/rg-lzaks-spoke-aks-infra/providers/Microsoft.Network/networkSecurityGroups/vnet-spoke-aks-subnet-pods-poolappsarm-nsg-westeurope",
            "log_category_groups": [
              "allLogs"
            ],
            "log_category_types": [
              "NetworkSecurityGroupEvent",
              "NetworkSecurityGroupRuleCounter"
            ],
            "logs": [
              "NetworkSecurityGroupEvent",
              "NetworkSecurityGroupRuleCounter"
            ],
            "metrics": [],
            "resource_id": "/subscriptions/82f6d75e-85f4-434a-ab74-5dddd9fa8910/resourceGroups/rg-lzaks-spoke-aks-infra/providers/Microsoft.Network/networkSecurityGroups/vnet-spoke-aks-subnet-pods-poolappsarm-nsg-westeurope",
            "timeouts": null
          },
          "sensitive_attributes": []
        }
      ]
    },
    {
      "module": "module.diagnostic_setting[\"/subscriptions/82f6d75e-85f4-434a-ab74-5dddd9fa8910/resourceGroups/rg-lzaks-spoke-aks-infra/providers/Microsoft.Network/networkSecurityGroups/vnet-spoke-aks-subnet-pods-poolappsarm-nsg-westeurope\"]",
      "mode": "managed",
      "type": "azurerm_monitor_diagnostic_setting",
      "name": "diagnostic_settings",
      "provider": "provider[\"registry.terraform.io/hashicorp/azurerm\"]",
      "instances": [
        {
          "schema_version": 0,
          "attributes": {
            "enabled_log": [
              {
                "category": "NetworkSecurityGroupEvent",
                "category_group": "",
                "retention_policy": [
                  {
                    "days": 7,
                    "enabled": true
                  }
                ]
              },
              {
                "category": "NetworkSecurityGroupRuleCounter",
                "category_group": "",
                "retention_policy": [
                  {
                    "days": 7,
                    "enabled": true
                  }
                ]
              }
            ],
            "eventhub_authorization_rule_id": "",
            "eventhub_name": "",
            "id": "/subscriptions/82f6d75e-85f4-434a-ab74-5dddd9fa8910/resourceGroups/rg-lzaks-spoke-aks-infra/providers/Microsoft.Network/networkSecurityGroups/vnet-spoke-aks-subnet-pods-poolappsarm-nsg-westeurope|diagnostic-settings",
            "log": [
              {
                "category": "NetworkSecurityGroupEvent",
                "category_group": "",
                "enabled": true,
                "retention_policy": [
                  {
                    "days": 7,
                    "enabled": true
                  }
                ]
              },
              {
                "category": "NetworkSecurityGroupRuleCounter",
                "category_group": "",
                "enabled": true,
                "retention_policy": [
                  {
                    "days": 7,
                    "enabled": true
                  }
                ]
              }
            ],
            "log_analytics_destination_type": "",
            "log_analytics_workspace_id": "/subscriptions/82f6d75e-85f4-434a-ab74-5dddd9fa8910/resourceGroups/rg-lzaks-management/providers/Microsoft.OperationalInsights/workspaces/loganalyticsforaks011",
            "metric": [],
            "name": "diagnostic-settings",
            "partner_solution_id": null,
            "storage_account_id": null,
            "target_resource_id": "/subscriptions/82f6d75e-85f4-434a-ab74-5dddd9fa8910/resourceGroups/rg-lzaks-spoke-aks-infra/providers/Microsoft.Network/networkSecurityGroups/vnet-spoke-aks-subnet-pods-poolappsarm-nsg-westeurope",
            "timeouts": null
          },
          "sensitive_attributes": [],
          "private": "eyJlMmJmYjczMC1lY2FhLTExZTYtOGY4OC0zNDM2M2JjN2M0YzAiOnsiY3JlYXRlIjoxODAwMDAwMDAwMDAwLCJkZWxldGUiOjM2MDAwMDAwMDAwMDAsInJlYWQiOjMwMDAwMDAwMDAwMCwidXBkYXRlIjoxODAwMDAwMDAwMDAwfX0=",
          "dependencies": [
            "data.azurerm_resources.resources_ds",
            "data.terraform_remote_state.management",
            "module.diagnostic_setting.data.azurerm_monitor_diagnostic_categories.categories"
          ]
        }
      ]
    },
    {
      "module": "module.diagnostic_setting[\"/subscriptions/82f6d75e-85f4-434a-ab74-5dddd9fa8910/resourceGroups/rg-lzaks-spoke-aks-infra/providers/Microsoft.Network/networkSecurityGroups/vnet-spoke-aks-subnet-spoke-aks-pe-nsg-westeurope\"]",
      "mode": "data",
      "type": "azurerm_monitor_diagnostic_categories",
      "name": "categories",
      "provider": "provider[\"registry.terraform.io/hashicorp/azurerm\"]",
      "instances": [
        {
          "schema_version": 0,
          "attributes": {
            "id": "/subscriptions/82f6d75e-85f4-434a-ab74-5dddd9fa8910/resourceGroups/rg-lzaks-spoke-aks-infra/providers/Microsoft.Network/networkSecurityGroups/vnet-spoke-aks-subnet-spoke-aks-pe-nsg-westeurope",
            "log_category_groups": [
              "allLogs"
            ],
            "log_category_types": [
              "NetworkSecurityGroupEvent",
              "NetworkSecurityGroupRuleCounter"
            ],
            "logs": [
              "NetworkSecurityGroupEvent",
              "NetworkSecurityGroupRuleCounter"
            ],
            "metrics": [],
            "resource_id": "/subscriptions/82f6d75e-85f4-434a-ab74-5dddd9fa8910/resourceGroups/rg-lzaks-spoke-aks-infra/providers/Microsoft.Network/networkSecurityGroups/vnet-spoke-aks-subnet-spoke-aks-pe-nsg-westeurope",
            "timeouts": null
          },
          "sensitive_attributes": []
        }
      ]
    },
    {
      "module": "module.diagnostic_setting[\"/subscriptions/82f6d75e-85f4-434a-ab74-5dddd9fa8910/resourceGroups/rg-lzaks-spoke-aks-infra/providers/Microsoft.Network/networkSecurityGroups/vnet-spoke-aks-subnet-spoke-aks-pe-nsg-westeurope\"]",
      "mode": "managed",
      "type": "azurerm_monitor_diagnostic_setting",
      "name": "diagnostic_settings",
      "provider": "provider[\"registry.terraform.io/hashicorp/azurerm\"]",
      "instances": [
        {
          "schema_version": 0,
          "attributes": {
            "enabled_log": [
              {
                "category": "NetworkSecurityGroupEvent",
                "category_group": "",
                "retention_policy": [
                  {
                    "days": 7,
                    "enabled": true
                  }
                ]
              },
              {
                "category": "NetworkSecurityGroupRuleCounter",
                "category_group": "",
                "retention_policy": [
                  {
                    "days": 7,
                    "enabled": true
                  }
                ]
              }
            ],
            "eventhub_authorization_rule_id": "",
            "eventhub_name": "",
            "id": "/subscriptions/82f6d75e-85f4-434a-ab74-5dddd9fa8910/resourceGroups/rg-lzaks-spoke-aks-infra/providers/Microsoft.Network/networkSecurityGroups/vnet-spoke-aks-subnet-spoke-aks-pe-nsg-westeurope|diagnostic-settings",
            "log": [
              {
                "category": "NetworkSecurityGroupEvent",
                "category_group": "",
                "enabled": true,
                "retention_policy": [
                  {
                    "days": 7,
                    "enabled": true
                  }
                ]
              },
              {
                "category": "NetworkSecurityGroupRuleCounter",
                "category_group": "",
                "enabled": true,
                "retention_policy": [
                  {
                    "days": 7,
                    "enabled": true
                  }
                ]
              }
            ],
            "log_analytics_destination_type": "",
            "log_analytics_workspace_id": "/subscriptions/82f6d75e-85f4-434a-ab74-5dddd9fa8910/resourceGroups/rg-lzaks-management/providers/Microsoft.OperationalInsights/workspaces/loganalyticsforaks011",
            "metric": [],
            "name": "diagnostic-settings",
            "partner_solution_id": null,
            "storage_account_id": null,
            "target_resource_id": "/subscriptions/82f6d75e-85f4-434a-ab74-5dddd9fa8910/resourceGroups/rg-lzaks-spoke-aks-infra/providers/Microsoft.Network/networkSecurityGroups/vnet-spoke-aks-subnet-spoke-aks-pe-nsg-westeurope",
            "timeouts": null
          },
          "sensitive_attributes": [],
          "private": "eyJlMmJmYjczMC1lY2FhLTExZTYtOGY4OC0zNDM2M2JjN2M0YzAiOnsiY3JlYXRlIjoxODAwMDAwMDAwMDAwLCJkZWxldGUiOjM2MDAwMDAwMDAwMDAsInJlYWQiOjMwMDAwMDAwMDAwMCwidXBkYXRlIjoxODAwMDAwMDAwMDAwfX0=",
          "dependencies": [
            "data.azurerm_resources.resources_ds",
            "data.terraform_remote_state.management",
            "module.diagnostic_setting.data.azurerm_monitor_diagnostic_categories.categories"
          ]
        }
      ]
    },
    {
      "module": "module.diagnostic_setting[\"/subscriptions/82f6d75e-85f4-434a-ab74-5dddd9fa8910/resourceGroups/rg-lzaks-spoke-aks-infra/providers/Microsoft.Network/publicIPAddresses/public-ip-appgw\"]",
      "mode": "data",
      "type": "azurerm_monitor_diagnostic_categories",
      "name": "categories",
      "provider": "provider[\"registry.terraform.io/hashicorp/azurerm\"]",
      "instances": [
        {
          "schema_version": 0,
          "attributes": {
            "id": "/subscriptions/82f6d75e-85f4-434a-ab74-5dddd9fa8910/resourceGroups/rg-lzaks-spoke-aks-infra/providers/Microsoft.Network/publicIPAddresses/public-ip-appgw",
            "log_category_groups": [
              "allLogs",
              "audit"
            ],
            "log_category_types": [
              "DDoSMitigationFlowLogs",
              "DDoSMitigationReports",
              "DDoSProtectionNotifications"
            ],
            "logs": [
              "DDoSMitigationFlowLogs",
              "DDoSMitigationReports",
              "DDoSProtectionNotifications"
            ],
            "metrics": [
              "AllMetrics"
            ],
            "resource_id": "/subscriptions/82f6d75e-85f4-434a-ab74-5dddd9fa8910/resourceGroups/rg-lzaks-spoke-aks-infra/providers/Microsoft.Network/publicIPAddresses/public-ip-appgw",
            "timeouts": null
          },
          "sensitive_attributes": []
        }
      ]
    },
    {
      "module": "module.diagnostic_setting[\"/subscriptions/82f6d75e-85f4-434a-ab74-5dddd9fa8910/resourceGroups/rg-lzaks-spoke-aks-infra/providers/Microsoft.Network/virtualNetworks/vnet-spoke-aks\"]",
      "mode": "data",
      "type": "azurerm_monitor_diagnostic_categories",
      "name": "categories",
      "provider": "provider[\"registry.terraform.io/hashicorp/azurerm\"]",
      "instances": [
        {
          "schema_version": 0,
          "attributes": {
            "id": "/subscriptions/82f6d75e-85f4-434a-ab74-5dddd9fa8910/resourceGroups/rg-lzaks-spoke-aks-infra/providers/Microsoft.Network/virtualNetworks/vnet-spoke-aks",
            "log_category_groups": [
              "allLogs"
            ],
            "log_category_types": [
              "VMProtectionAlerts"
            ],
            "logs": [
              "VMProtectionAlerts"
            ],
            "metrics": [
              "AllMetrics"
            ],
            "resource_id": "/subscriptions/82f6d75e-85f4-434a-ab74-5dddd9fa8910/resourceGroups/rg-lzaks-spoke-aks-infra/providers/Microsoft.Network/virtualNetworks/vnet-spoke-aks",
            "timeouts": null
          },
          "sensitive_attributes": []
        }
      ]
    },
    {
      "module": "module.diagnostic_setting[\"/subscriptions/82f6d75e-85f4-434a-ab74-5dddd9fa8910/resourceGroups/rg-lzaks-spoke-aks-infra/providers/Microsoft.Storage/storageAccounts/storageforaks01357\"]",
      "mode": "data",
      "type": "azurerm_monitor_diagnostic_categories",
      "name": "categories",
      "provider": "provider[\"registry.terraform.io/hashicorp/azurerm\"]",
      "instances": [
        {
          "schema_version": 0,
          "attributes": {
            "id": "/subscriptions/82f6d75e-85f4-434a-ab74-5dddd9fa8910/resourceGroups/rg-lzaks-spoke-aks-infra/providers/Microsoft.Storage/storageAccounts/storageforaks01357",
            "log_category_groups": [],
            "log_category_types": [],
            "logs": [],
            "metrics": [
              "Capacity",
              "Transaction"
            ],
            "resource_id": "/subscriptions/82f6d75e-85f4-434a-ab74-5dddd9fa8910/resourceGroups/rg-lzaks-spoke-aks-infra/providers/Microsoft.Storage/storageAccounts/storageforaks01357",
            "timeouts": null
          },
          "sensitive_attributes": []
        }
      ]
    },
    {
      "module": "module.diagnostic_setting[\"/subscriptions/82f6d75e-85f4-434a-ab74-5dddd9fa8910/resourceGroups/rg-lzaks-spoke-aks-nodes/providers/Microsoft.Network/loadBalancers/kube-apiserver\"]",
      "mode": "data",
      "type": "azurerm_monitor_diagnostic_categories",
      "name": "categories",
      "provider": "provider[\"registry.terraform.io/hashicorp/azurerm\"]",
      "instances": [
        {
          "schema_version": 0,
          "attributes": {
            "id": "/subscriptions/82f6d75e-85f4-434a-ab74-5dddd9fa8910/resourceGroups/rg-lzaks-spoke-aks-nodes/providers/Microsoft.Network/loadBalancers/kube-apiserver",
            "log_category_groups": [
              "allLogs"
            ],
            "log_category_types": [
              "LoadBalancerAlertEvent",
              "LoadBalancerProbeHealthStatus"
            ],
            "logs": [
              "LoadBalancerAlertEvent",
              "LoadBalancerProbeHealthStatus"
            ],
            "metrics": [
              "AllMetrics"
            ],
            "resource_id": "/subscriptions/82f6d75e-85f4-434a-ab74-5dddd9fa8910/resourceGroups/rg-lzaks-spoke-aks-nodes/providers/Microsoft.Network/loadBalancers/kube-apiserver",
            "timeouts": null
          },
          "sensitive_attributes": []
        }
      ]
    },
    {
      "module": "module.diagnostic_setting[\"/subscriptions/82f6d75e-85f4-434a-ab74-5dddd9fa8910/resourceGroups/rg-lzaks-spoke-aks-nodes/providers/Microsoft.Network/networkSecurityGroups/aks-agentpool-35064155-nsg\"]",
      "mode": "data",
      "type": "azurerm_monitor_diagnostic_categories",
      "name": "categories",
      "provider": "provider[\"registry.terraform.io/hashicorp/azurerm\"]",
      "instances": [
        {
          "schema_version": 0,
          "attributes": {
            "id": "/subscriptions/82f6d75e-85f4-434a-ab74-5dddd9fa8910/resourceGroups/rg-lzaks-spoke-aks-nodes/providers/Microsoft.Network/networkSecurityGroups/aks-agentpool-35064155-nsg",
            "log_category_groups": [
              "allLogs"
            ],
            "log_category_types": [
              "NetworkSecurityGroupEvent",
              "NetworkSecurityGroupRuleCounter"
            ],
            "logs": [
              "NetworkSecurityGroupEvent",
              "NetworkSecurityGroupRuleCounter"
            ],
            "metrics": [],
            "resource_id": "/subscriptions/82f6d75e-85f4-434a-ab74-5dddd9fa8910/resourceGroups/rg-lzaks-spoke-aks-nodes/providers/Microsoft.Network/networkSecurityGroups/aks-agentpool-35064155-nsg",
            "timeouts": null
          },
          "sensitive_attributes": []
        }
      ]
    },
    {
      "module": "module.diagnostic_setting[\"/subscriptions/82f6d75e-85f4-434a-ab74-5dddd9fa8910/resourceGroups/rg-lzaks-spoke-aks-nodes/providers/Microsoft.Network/networkSecurityGroups/aks-agentpool-35064155-nsg\"]",
      "mode": "managed",
      "type": "azurerm_monitor_diagnostic_setting",
      "name": "diagnostic_settings",
      "provider": "provider[\"registry.terraform.io/hashicorp/azurerm\"]",
      "instances": [
        {
          "schema_version": 0,
          "attributes": {
            "enabled_log": [
              {
                "category": "NetworkSecurityGroupEvent",
                "category_group": "",
                "retention_policy": [
                  {
                    "days": 7,
                    "enabled": true
                  }
                ]
              },
              {
                "category": "NetworkSecurityGroupRuleCounter",
                "category_group": "",
                "retention_policy": [
                  {
                    "days": 7,
                    "enabled": true
                  }
                ]
              }
            ],
            "eventhub_authorization_rule_id": "",
            "eventhub_name": "",
            "id": "/subscriptions/82f6d75e-85f4-434a-ab74-5dddd9fa8910/resourceGroups/rg-lzaks-spoke-aks-nodes/providers/Microsoft.Network/networkSecurityGroups/aks-agentpool-35064155-nsg|diagnostic-settings",
            "log": [
              {
                "category": "NetworkSecurityGroupEvent",
                "category_group": "",
                "enabled": true,
                "retention_policy": [
                  {
                    "days": 7,
                    "enabled": true
                  }
                ]
              },
              {
                "category": "NetworkSecurityGroupRuleCounter",
                "category_group": "",
                "enabled": true,
                "retention_policy": [
                  {
                    "days": 7,
                    "enabled": true
                  }
                ]
              }
            ],
            "log_analytics_destination_type": "",
            "log_analytics_workspace_id": "/subscriptions/82f6d75e-85f4-434a-ab74-5dddd9fa8910/resourceGroups/rg-lzaks-management/providers/Microsoft.OperationalInsights/workspaces/loganalyticsforaks011",
            "metric": [],
            "name": "diagnostic-settings",
            "partner_solution_id": null,
            "storage_account_id": null,
            "target_resource_id": "/subscriptions/82f6d75e-85f4-434a-ab74-5dddd9fa8910/resourceGroups/rg-lzaks-spoke-aks-nodes/providers/Microsoft.Network/networkSecurityGroups/aks-agentpool-35064155-nsg",
            "timeouts": null
          },
          "sensitive_attributes": [],
          "private": "eyJlMmJmYjczMC1lY2FhLTExZTYtOGY4OC0zNDM2M2JjN2M0YzAiOnsiY3JlYXRlIjoxODAwMDAwMDAwMDAwLCJkZWxldGUiOjM2MDAwMDAwMDAwMDAsInJlYWQiOjMwMDAwMDAwMDAwMCwidXBkYXRlIjoxODAwMDAwMDAwMDAwfX0=",
          "dependencies": [
            "data.azurerm_resources.resources_ds",
            "data.terraform_remote_state.management",
            "module.diagnostic_setting.data.azurerm_monitor_diagnostic_categories.categories"
          ]
        }
      ]
    },
    {
      "module": "module.diagnostic_setting[\"/subscriptions/82f6d75e-85f4-434a-ab74-5dddd9fa8910/resourceGroups/rg-lzaks-spoke-mgt-vm-linux/providers/Microsoft.Compute/virtualMachines/vm-jumpbox-linux\"]",
      "mode": "data",
      "type": "azurerm_monitor_diagnostic_categories",
      "name": "categories",
      "provider": "provider[\"registry.terraform.io/hashicorp/azurerm\"]",
      "instances": [
        {
          "schema_version": 0,
          "attributes": {
            "id": "/subscriptions/82f6d75e-85f4-434a-ab74-5dddd9fa8910/resourceGroups/rg-lzaks-spoke-mgt-vm-linux/providers/Microsoft.Compute/virtualMachines/vm-jumpbox-linux",
            "log_category_groups": [],
            "log_category_types": [],
            "logs": [],
            "metrics": [
              "AllMetrics"
            ],
            "resource_id": "/subscriptions/82f6d75e-85f4-434a-ab74-5dddd9fa8910/resourceGroups/rg-lzaks-spoke-mgt-vm-linux/providers/Microsoft.Compute/virtualMachines/vm-jumpbox-linux",
            "timeouts": null
          },
          "sensitive_attributes": []
        }
      ]
    },
    {
      "module": "module.diagnostic_setting[\"/subscriptions/82f6d75e-85f4-434a-ab74-5dddd9fa8910/resourceGroups/rg-lzaks-spoke-mgt-vm-linux/providers/Microsoft.Compute/virtualMachines/vm-jumpbox-linux\"]",
      "mode": "managed",
      "type": "azurerm_monitor_diagnostic_setting",
      "name": "diagnostic_settings",
      "provider": "provider[\"registry.terraform.io/hashicorp/azurerm\"]",
      "instances": [
        {
          "schema_version": 0,
          "attributes": {
            "enabled_log": [],
            "eventhub_authorization_rule_id": "",
            "eventhub_name": "",
            "id": "/subscriptions/82f6d75e-85f4-434a-ab74-5dddd9fa8910/resourceGroups/rg-lzaks-spoke-mgt-vm-linux/providers/Microsoft.Compute/virtualMachines/vm-jumpbox-linux|diagnostic-settings",
            "log": [],
            "log_analytics_destination_type": "",
            "log_analytics_workspace_id": "/subscriptions/82f6d75e-85f4-434a-ab74-5dddd9fa8910/resourceGroups/rg-lzaks-management/providers/Microsoft.OperationalInsights/workspaces/loganalyticsforaks011",
            "metric": [
              {
                "category": "AllMetrics",
                "enabled": true,
                "retention_policy": [
                  {
                    "days": 7,
                    "enabled": true
                  }
                ]
              }
            ],
            "name": "diagnostic-settings",
            "partner_solution_id": null,
            "storage_account_id": null,
            "target_resource_id": "/subscriptions/82f6d75e-85f4-434a-ab74-5dddd9fa8910/resourceGroups/rg-lzaks-spoke-mgt-vm-linux/providers/Microsoft.Compute/virtualMachines/vm-jumpbox-linux",
            "timeouts": null
          },
          "sensitive_attributes": [],
          "private": "eyJlMmJmYjczMC1lY2FhLTExZTYtOGY4OC0zNDM2M2JjN2M0YzAiOnsiY3JlYXRlIjoxODAwMDAwMDAwMDAwLCJkZWxldGUiOjM2MDAwMDAwMDAwMDAsInJlYWQiOjMwMDAwMDAwMDAwMCwidXBkYXRlIjoxODAwMDAwMDAwMDAwfX0=",
          "dependencies": [
            "data.azurerm_resources.resources_ds",
            "data.terraform_remote_state.management",
            "module.diagnostic_setting.data.azurerm_monitor_diagnostic_categories.categories"
          ]
        }
      ]
    },
    {
      "module": "module.diagnostic_setting[\"/subscriptions/82f6d75e-85f4-434a-ab74-5dddd9fa8910/resourceGroups/rg-lzaks-spoke-mgt-vm-linux/providers/Microsoft.Network/networkInterfaces/nic-vm\"]",
      "mode": "data",
      "type": "azurerm_monitor_diagnostic_categories",
      "name": "categories",
      "provider": "provider[\"registry.terraform.io/hashicorp/azurerm\"]",
      "instances": [
        {
          "schema_version": 0,
          "attributes": {
            "id": "/subscriptions/82f6d75e-85f4-434a-ab74-5dddd9fa8910/resourceGroups/rg-lzaks-spoke-mgt-vm-linux/providers/Microsoft.Network/networkInterfaces/nic-vm",
            "log_category_groups": [],
            "log_category_types": [],
            "logs": [],
            "metrics": [
              "AllMetrics"
            ],
            "resource_id": "/subscriptions/82f6d75e-85f4-434a-ab74-5dddd9fa8910/resourceGroups/rg-lzaks-spoke-mgt-vm-linux/providers/Microsoft.Network/networkInterfaces/nic-vm",
            "timeouts": null
          },
          "sensitive_attributes": []
        }
      ]
    },
    {
      "module": "module.diagnostic_setting[\"/subscriptions/82f6d75e-85f4-434a-ab74-5dddd9fa8910/resourceGroups/rg-lzaks-spoke-mgt-vm-linux/providers/Microsoft.Network/networkInterfaces/nic-vm\"]",
      "mode": "managed",
      "type": "azurerm_monitor_diagnostic_setting",
      "name": "diagnostic_settings",
      "provider": "provider[\"registry.terraform.io/hashicorp/azurerm\"]",
      "instances": [
        {
          "schema_version": 0,
          "attributes": {
            "enabled_log": [],
            "eventhub_authorization_rule_id": "",
            "eventhub_name": "",
            "id": "/subscriptions/82f6d75e-85f4-434a-ab74-5dddd9fa8910/resourceGroups/rg-lzaks-spoke-mgt-vm-linux/providers/Microsoft.Network/networkInterfaces/nic-vm|diagnostic-settings",
            "log": [],
            "log_analytics_destination_type": "",
            "log_analytics_workspace_id": "/subscriptions/82f6d75e-85f4-434a-ab74-5dddd9fa8910/resourceGroups/rg-lzaks-management/providers/Microsoft.OperationalInsights/workspaces/loganalyticsforaks011",
            "metric": [
              {
                "category": "AllMetrics",
                "enabled": true,
                "retention_policy": [
                  {
                    "days": 7,
                    "enabled": true
                  }
                ]
              }
            ],
            "name": "diagnostic-settings",
            "partner_solution_id": null,
            "storage_account_id": null,
            "target_resource_id": "/subscriptions/82f6d75e-85f4-434a-ab74-5dddd9fa8910/resourceGroups/rg-lzaks-spoke-mgt-vm-linux/providers/Microsoft.Network/networkInterfaces/nic-vm",
            "timeouts": null
          },
          "sensitive_attributes": [],
          "private": "eyJlMmJmYjczMC1lY2FhLTExZTYtOGY4OC0zNDM2M2JjN2M0YzAiOnsiY3JlYXRlIjoxODAwMDAwMDAwMDAwLCJkZWxldGUiOjM2MDAwMDAwMDAwMDAsInJlYWQiOjMwMDAwMDAwMDAwMCwidXBkYXRlIjoxODAwMDAwMDAwMDAwfX0=",
          "dependencies": [
            "data.azurerm_resources.resources_ds",
            "data.terraform_remote_state.management",
            "module.diagnostic_setting.data.azurerm_monitor_diagnostic_categories.categories"
          ]
        }
      ]
    },
    {
      "module": "module.diagnostic_setting[\"/subscriptions/82f6d75e-85f4-434a-ab74-5dddd9fa8910/resourceGroups/rg-lzaks-spoke-mgt-vm-windows/providers/Microsoft.Compute/virtualMachines/vm-jumpbox-win\"]",
      "mode": "data",
      "type": "azurerm_monitor_diagnostic_categories",
      "name": "categories",
      "provider": "provider[\"registry.terraform.io/hashicorp/azurerm\"]",
      "instances": [
        {
          "schema_version": 0,
          "attributes": {
            "id": "/subscriptions/82f6d75e-85f4-434a-ab74-5dddd9fa8910/resourceGroups/rg-lzaks-spoke-mgt-vm-windows/providers/Microsoft.Compute/virtualMachines/vm-jumpbox-win",
            "log_category_groups": [],
            "log_category_types": [],
            "logs": [],
            "metrics": [
              "AllMetrics"
            ],
            "resource_id": "/subscriptions/82f6d75e-85f4-434a-ab74-5dddd9fa8910/resourceGroups/rg-lzaks-spoke-mgt-vm-windows/providers/Microsoft.Compute/virtualMachines/vm-jumpbox-win",
            "timeouts": null
          },
          "sensitive_attributes": []
        }
      ]
    },
    {
      "module": "module.diagnostic_setting[\"/subscriptions/82f6d75e-85f4-434a-ab74-5dddd9fa8910/resourceGroups/rg-lzaks-spoke-mgt-vm-windows/providers/Microsoft.Compute/virtualMachines/vm-jumpbox-win\"]",
      "mode": "managed",
      "type": "azurerm_monitor_diagnostic_setting",
      "name": "diagnostic_settings",
      "provider": "provider[\"registry.terraform.io/hashicorp/azurerm\"]",
      "instances": [
        {
          "schema_version": 0,
          "attributes": {
            "enabled_log": [],
            "eventhub_authorization_rule_id": "",
            "eventhub_name": "",
            "id": "/subscriptions/82f6d75e-85f4-434a-ab74-5dddd9fa8910/resourceGroups/rg-lzaks-spoke-mgt-vm-windows/providers/Microsoft.Compute/virtualMachines/vm-jumpbox-win|diagnostic-settings",
            "log": [],
            "log_analytics_destination_type": "",
            "log_analytics_workspace_id": "/subscriptions/82f6d75e-85f4-434a-ab74-5dddd9fa8910/resourceGroups/rg-lzaks-management/providers/Microsoft.OperationalInsights/workspaces/loganalyticsforaks011",
            "metric": [
              {
                "category": "AllMetrics",
                "enabled": true,
                "retention_policy": [
                  {
                    "days": 7,
                    "enabled": true
                  }
                ]
              }
            ],
            "name": "diagnostic-settings",
            "partner_solution_id": null,
            "storage_account_id": null,
            "target_resource_id": "/subscriptions/82f6d75e-85f4-434a-ab74-5dddd9fa8910/resourceGroups/rg-lzaks-spoke-mgt-vm-windows/providers/Microsoft.Compute/virtualMachines/vm-jumpbox-win",
            "timeouts": null
          },
          "sensitive_attributes": [],
          "private": "eyJlMmJmYjczMC1lY2FhLTExZTYtOGY4OC0zNDM2M2JjN2M0YzAiOnsiY3JlYXRlIjoxODAwMDAwMDAwMDAwLCJkZWxldGUiOjM2MDAwMDAwMDAwMDAsInJlYWQiOjMwMDAwMDAwMDAwMCwidXBkYXRlIjoxODAwMDAwMDAwMDAwfX0=",
          "dependencies": [
            "data.azurerm_resources.resources_ds",
            "data.terraform_remote_state.management",
            "module.diagnostic_setting.data.azurerm_monitor_diagnostic_categories.categories"
          ]
        }
      ]
    },
    {
      "module": "module.diagnostic_setting[\"/subscriptions/82f6d75e-85f4-434a-ab74-5dddd9fa8910/resourceGroups/rg-lzaks-spoke-mgt-vm-windows/providers/Microsoft.Network/networkInterfaces/nic-vm-jumpbox-windows\"]",
      "mode": "data",
      "type": "azurerm_monitor_diagnostic_categories",
      "name": "categories",
      "provider": "provider[\"registry.terraform.io/hashicorp/azurerm\"]",
      "instances": [
        {
          "schema_version": 0,
          "attributes": {
            "id": "/subscriptions/82f6d75e-85f4-434a-ab74-5dddd9fa8910/resourceGroups/rg-lzaks-spoke-mgt-vm-windows/providers/Microsoft.Network/networkInterfaces/nic-vm-jumpbox-windows",
            "log_category_groups": [],
            "log_category_types": [],
            "logs": [],
            "metrics": [
              "AllMetrics"
            ],
            "resource_id": "/subscriptions/82f6d75e-85f4-434a-ab74-5dddd9fa8910/resourceGroups/rg-lzaks-spoke-mgt-vm-windows/providers/Microsoft.Network/networkInterfaces/nic-vm-jumpbox-windows",
            "timeouts": null
          },
          "sensitive_attributes": []
        }
      ]
    },
    {
      "module": "module.diagnostic_setting[\"/subscriptions/82f6d75e-85f4-434a-ab74-5dddd9fa8910/resourceGroups/rg-lzaks-spoke-mgt-vm-windows/providers/Microsoft.Network/networkInterfaces/nic-vm-jumpbox-windows\"]",
      "mode": "managed",
      "type": "azurerm_monitor_diagnostic_setting",
      "name": "diagnostic_settings",
      "provider": "provider[\"registry.terraform.io/hashicorp/azurerm\"]",
      "instances": [
        {
          "schema_version": 0,
          "attributes": {
            "enabled_log": [],
            "eventhub_authorization_rule_id": "",
            "eventhub_name": "",
            "id": "/subscriptions/82f6d75e-85f4-434a-ab74-5dddd9fa8910/resourceGroups/rg-lzaks-spoke-mgt-vm-windows/providers/Microsoft.Network/networkInterfaces/nic-vm-jumpbox-windows|diagnostic-settings",
            "log": [],
            "log_analytics_destination_type": "",
            "log_analytics_workspace_id": "/subscriptions/82f6d75e-85f4-434a-ab74-5dddd9fa8910/resourceGroups/rg-lzaks-management/providers/Microsoft.OperationalInsights/workspaces/loganalyticsforaks011",
            "metric": [
              {
                "category": "AllMetrics",
                "enabled": true,
                "retention_policy": [
                  {
                    "days": 7,
                    "enabled": true
                  }
                ]
              }
            ],
            "name": "diagnostic-settings",
            "partner_solution_id": null,
            "storage_account_id": null,
            "target_resource_id": "/subscriptions/82f6d75e-85f4-434a-ab74-5dddd9fa8910/resourceGroups/rg-lzaks-spoke-mgt-vm-windows/providers/Microsoft.Network/networkInterfaces/nic-vm-jumpbox-windows",
            "timeouts": null
          },
          "sensitive_attributes": [],
          "private": "eyJlMmJmYjczMC1lY2FhLTExZTYtOGY4OC0zNDM2M2JjN2M0YzAiOnsiY3JlYXRlIjoxODAwMDAwMDAwMDAwLCJkZWxldGUiOjM2MDAwMDAwMDAwMDAsInJlYWQiOjMwMDAwMDAwMDAwMCwidXBkYXRlIjoxODAwMDAwMDAwMDAwfX0=",
          "dependencies": [
            "data.azurerm_resources.resources_ds",
            "data.terraform_remote_state.management",
            "module.diagnostic_setting.data.azurerm_monitor_diagnostic_categories.categories"
          ]
        }
      ]
    },
    {
      "module": "module.diagnostic_setting[\"/subscriptions/82f6d75e-85f4-434a-ab74-5dddd9fa8910/resourceGroups/rg-lzaks-spoke-mgt-wcus-spoke-mgt-wcus-linux/providers/Microsoft.Compute/virtualMachines/vm-jumpbox-linux\"]",
      "mode": "data",
      "type": "azurerm_monitor_diagnostic_categories",
      "name": "categories",
      "provider": "provider[\"registry.terraform.io/hashicorp/azurerm\"]",
      "instances": [
        {
          "schema_version": 0,
          "attributes": {
            "id": "/subscriptions/82f6d75e-85f4-434a-ab74-5dddd9fa8910/resourceGroups/rg-lzaks-spoke-mgt-wcus-spoke-mgt-wcus-linux/providers/Microsoft.Compute/virtualMachines/vm-jumpbox-linux",
            "log_category_groups": [],
            "log_category_types": [],
            "logs": [],
            "metrics": [
              "AllMetrics"
            ],
            "resource_id": "/subscriptions/82f6d75e-85f4-434a-ab74-5dddd9fa8910/resourceGroups/rg-lzaks-spoke-mgt-wcus-spoke-mgt-wcus-linux/providers/Microsoft.Compute/virtualMachines/vm-jumpbox-linux",
            "timeouts": null
          },
          "sensitive_attributes": []
        }
      ]
    },
    {
      "module": "module.diagnostic_setting[\"/subscriptions/82f6d75e-85f4-434a-ab74-5dddd9fa8910/resourceGroups/rg-lzaks-spoke-mgt-wcus-spoke-mgt-wcus-linux/providers/Microsoft.Compute/virtualMachines/vm-jumpbox-linux\"]",
      "mode": "managed",
      "type": "azurerm_monitor_diagnostic_setting",
      "name": "diagnostic_settings",
      "provider": "provider[\"registry.terraform.io/hashicorp/azurerm\"]",
      "instances": [
        {
          "schema_version": 0,
          "attributes": {
            "enabled_log": [],
            "eventhub_authorization_rule_id": "",
            "eventhub_name": "",
            "id": "/subscriptions/82f6d75e-85f4-434a-ab74-5dddd9fa8910/resourceGroups/rg-lzaks-spoke-mgt-wcus-spoke-mgt-wcus-linux/providers/Microsoft.Compute/virtualMachines/vm-jumpbox-linux|diagnostic-settings",
            "log": [],
            "log_analytics_destination_type": "",
            "log_analytics_workspace_id": "/subscriptions/82f6d75e-85f4-434a-ab74-5dddd9fa8910/resourceGroups/rg-lzaks-management/providers/Microsoft.OperationalInsights/workspaces/loganalyticsforaks011",
            "metric": [
              {
                "category": "AllMetrics",
                "enabled": true,
                "retention_policy": [
                  {
                    "days": 7,
                    "enabled": true
                  }
                ]
              }
            ],
            "name": "diagnostic-settings",
            "partner_solution_id": null,
            "storage_account_id": null,
            "target_resource_id": "/subscriptions/82f6d75e-85f4-434a-ab74-5dddd9fa8910/resourceGroups/rg-lzaks-spoke-mgt-wcus-spoke-mgt-wcus-linux/providers/Microsoft.Compute/virtualMachines/vm-jumpbox-linux",
            "timeouts": null
          },
          "sensitive_attributes": [],
          "private": "eyJlMmJmYjczMC1lY2FhLTExZTYtOGY4OC0zNDM2M2JjN2M0YzAiOnsiY3JlYXRlIjoxODAwMDAwMDAwMDAwLCJkZWxldGUiOjM2MDAwMDAwMDAwMDAsInJlYWQiOjMwMDAwMDAwMDAwMCwidXBkYXRlIjoxODAwMDAwMDAwMDAwfX0=",
          "dependencies": [
            "data.azurerm_resources.resources_ds",
            "data.terraform_remote_state.management",
            "module.diagnostic_setting.data.azurerm_monitor_diagnostic_categories.categories"
          ]
        }
      ]
    },
    {
      "module": "module.diagnostic_setting[\"/subscriptions/82f6d75e-85f4-434a-ab74-5dddd9fa8910/resourceGroups/rg-lzaks-spoke-mgt-wcus-spoke-mgt-wcus-linux/providers/Microsoft.Network/networkInterfaces/nic-vm\"]",
      "mode": "data",
      "type": "azurerm_monitor_diagnostic_categories",
      "name": "categories",
      "provider": "provider[\"registry.terraform.io/hashicorp/azurerm\"]",
      "instances": [
        {
          "schema_version": 0,
          "attributes": {
            "id": "/subscriptions/82f6d75e-85f4-434a-ab74-5dddd9fa8910/resourceGroups/rg-lzaks-spoke-mgt-wcus-spoke-mgt-wcus-linux/providers/Microsoft.Network/networkInterfaces/nic-vm",
            "log_category_groups": [],
            "log_category_types": [],
            "logs": [],
            "metrics": [
              "AllMetrics"
            ],
            "resource_id": "/subscriptions/82f6d75e-85f4-434a-ab74-5dddd9fa8910/resourceGroups/rg-lzaks-spoke-mgt-wcus-spoke-mgt-wcus-linux/providers/Microsoft.Network/networkInterfaces/nic-vm",
            "timeouts": null
          },
          "sensitive_attributes": []
        }
      ]
    },
    {
      "module": "module.diagnostic_setting[\"/subscriptions/82f6d75e-85f4-434a-ab74-5dddd9fa8910/resourceGroups/rg-lzaks-spoke-mgt-wcus-spoke-mgt-wcus-linux/providers/Microsoft.Network/networkInterfaces/nic-vm\"]",
      "mode": "managed",
      "type": "azurerm_monitor_diagnostic_setting",
      "name": "diagnostic_settings",
      "provider": "provider[\"registry.terraform.io/hashicorp/azurerm\"]",
      "instances": [
        {
          "schema_version": 0,
          "attributes": {
            "enabled_log": [],
            "eventhub_authorization_rule_id": "",
            "eventhub_name": "",
            "id": "/subscriptions/82f6d75e-85f4-434a-ab74-5dddd9fa8910/resourceGroups/rg-lzaks-spoke-mgt-wcus-spoke-mgt-wcus-linux/providers/Microsoft.Network/networkInterfaces/nic-vm|diagnostic-settings",
            "log": [],
            "log_analytics_destination_type": "",
            "log_analytics_workspace_id": "/subscriptions/82f6d75e-85f4-434a-ab74-5dddd9fa8910/resourceGroups/rg-lzaks-management/providers/Microsoft.OperationalInsights/workspaces/loganalyticsforaks011",
            "metric": [
              {
                "category": "AllMetrics",
                "enabled": true,
                "retention_policy": [
                  {
                    "days": 7,
                    "enabled": true
                  }
                ]
              }
            ],
            "name": "diagnostic-settings",
            "partner_solution_id": null,
            "storage_account_id": null,
            "target_resource_id": "/subscriptions/82f6d75e-85f4-434a-ab74-5dddd9fa8910/resourceGroups/rg-lzaks-spoke-mgt-wcus-spoke-mgt-wcus-linux/providers/Microsoft.Network/networkInterfaces/nic-vm",
            "timeouts": null
          },
          "sensitive_attributes": [],
          "private": "eyJlMmJmYjczMC1lY2FhLTExZTYtOGY4OC0zNDM2M2JjN2M0YzAiOnsiY3JlYXRlIjoxODAwMDAwMDAwMDAwLCJkZWxldGUiOjM2MDAwMDAwMDAwMDAsInJlYWQiOjMwMDAwMDAwMDAwMCwidXBkYXRlIjoxODAwMDAwMDAwMDAwfX0=",
          "dependencies": [
            "data.azurerm_resources.resources_ds",
            "data.terraform_remote_state.management",
            "module.diagnostic_setting.data.azurerm_monitor_diagnostic_categories.categories"
          ]
        }
      ]
    },
    {
      "module": "module.diagnostic_setting[\"/subscriptions/82f6d75e-85f4-434a-ab74-5dddd9fa8910/resourceGroups/rg-lzaks-spoke-mgt-wcus-spoke-mgt-wcus-windows/providers/Microsoft.Compute/virtualMachines/vm-jumpbox-win\"]",
      "mode": "data",
      "type": "azurerm_monitor_diagnostic_categories",
      "name": "categories",
      "provider": "provider[\"registry.terraform.io/hashicorp/azurerm\"]",
      "instances": [
        {
          "schema_version": 0,
          "attributes": {
            "id": "/subscriptions/82f6d75e-85f4-434a-ab74-5dddd9fa8910/resourceGroups/rg-lzaks-spoke-mgt-wcus-spoke-mgt-wcus-windows/providers/Microsoft.Compute/virtualMachines/vm-jumpbox-win",
            "log_category_groups": [],
            "log_category_types": [],
            "logs": [],
            "metrics": [
              "AllMetrics"
            ],
            "resource_id": "/subscriptions/82f6d75e-85f4-434a-ab74-5dddd9fa8910/resourceGroups/rg-lzaks-spoke-mgt-wcus-spoke-mgt-wcus-windows/providers/Microsoft.Compute/virtualMachines/vm-jumpbox-win",
            "timeouts": null
          },
          "sensitive_attributes": []
        }
      ]
    },
    {
      "module": "module.diagnostic_setting[\"/subscriptions/82f6d75e-85f4-434a-ab74-5dddd9fa8910/resourceGroups/rg-lzaks-spoke-mgt-wcus-spoke-mgt-wcus-windows/providers/Microsoft.Compute/virtualMachines/vm-jumpbox-win\"]",
      "mode": "managed",
      "type": "azurerm_monitor_diagnostic_setting",
      "name": "diagnostic_settings",
      "provider": "provider[\"registry.terraform.io/hashicorp/azurerm\"]",
      "instances": [
        {
          "schema_version": 0,
          "attributes": {
            "enabled_log": [],
            "eventhub_authorization_rule_id": "",
            "eventhub_name": "",
            "id": "/subscriptions/82f6d75e-85f4-434a-ab74-5dddd9fa8910/resourceGroups/rg-lzaks-spoke-mgt-wcus-spoke-mgt-wcus-windows/providers/Microsoft.Compute/virtualMachines/vm-jumpbox-win|diagnostic-settings",
            "log": [],
            "log_analytics_destination_type": "",
            "log_analytics_workspace_id": "/subscriptions/82f6d75e-85f4-434a-ab74-5dddd9fa8910/resourceGroups/rg-lzaks-management/providers/Microsoft.OperationalInsights/workspaces/loganalyticsforaks011",
            "metric": [
              {
                "category": "AllMetrics",
                "enabled": true,
                "retention_policy": [
                  {
                    "days": 7,
                    "enabled": true
                  }
                ]
              }
            ],
            "name": "diagnostic-settings",
            "partner_solution_id": null,
            "storage_account_id": null,
            "target_resource_id": "/subscriptions/82f6d75e-85f4-434a-ab74-5dddd9fa8910/resourceGroups/rg-lzaks-spoke-mgt-wcus-spoke-mgt-wcus-windows/providers/Microsoft.Compute/virtualMachines/vm-jumpbox-win",
            "timeouts": null
          },
          "sensitive_attributes": [],
          "private": "eyJlMmJmYjczMC1lY2FhLTExZTYtOGY4OC0zNDM2M2JjN2M0YzAiOnsiY3JlYXRlIjoxODAwMDAwMDAwMDAwLCJkZWxldGUiOjM2MDAwMDAwMDAwMDAsInJlYWQiOjMwMDAwMDAwMDAwMCwidXBkYXRlIjoxODAwMDAwMDAwMDAwfX0=",
          "dependencies": [
            "data.azurerm_resources.resources_ds",
            "data.terraform_remote_state.management",
            "module.diagnostic_setting.data.azurerm_monitor_diagnostic_categories.categories"
          ]
        }
      ]
    },
    {
      "module": "module.diagnostic_setting[\"/subscriptions/82f6d75e-85f4-434a-ab74-5dddd9fa8910/resourceGroups/rg-lzaks-spoke-mgt-wcus-spoke-mgt-wcus-windows/providers/Microsoft.Network/networkInterfaces/nic-vm-jumpbox-windows\"]",
      "mode": "data",
      "type": "azurerm_monitor_diagnostic_categories",
      "name": "categories",
      "provider": "provider[\"registry.terraform.io/hashicorp/azurerm\"]",
      "instances": [
        {
          "schema_version": 0,
          "attributes": {
            "id": "/subscriptions/82f6d75e-85f4-434a-ab74-5dddd9fa8910/resourceGroups/rg-lzaks-spoke-mgt-wcus-spoke-mgt-wcus-windows/providers/Microsoft.Network/networkInterfaces/nic-vm-jumpbox-windows",
            "log_category_groups": [],
            "log_category_types": [],
            "logs": [],
            "metrics": [
              "AllMetrics"
            ],
            "resource_id": "/subscriptions/82f6d75e-85f4-434a-ab74-5dddd9fa8910/resourceGroups/rg-lzaks-spoke-mgt-wcus-spoke-mgt-wcus-windows/providers/Microsoft.Network/networkInterfaces/nic-vm-jumpbox-windows",
            "timeouts": null
          },
          "sensitive_attributes": []
        }
      ]
    },
    {
      "module": "module.diagnostic_setting[\"/subscriptions/82f6d75e-85f4-434a-ab74-5dddd9fa8910/resourceGroups/rg-lzaks-spoke-mgt-wcus-spoke-mgt-wcus-windows/providers/Microsoft.Network/networkInterfaces/nic-vm-jumpbox-windows\"]",
      "mode": "managed",
      "type": "azurerm_monitor_diagnostic_setting",
      "name": "diagnostic_settings",
      "provider": "provider[\"registry.terraform.io/hashicorp/azurerm\"]",
      "instances": [
        {
          "schema_version": 0,
          "attributes": {
            "enabled_log": [],
            "eventhub_authorization_rule_id": "",
            "eventhub_name": "",
            "id": "/subscriptions/82f6d75e-85f4-434a-ab74-5dddd9fa8910/resourceGroups/rg-lzaks-spoke-mgt-wcus-spoke-mgt-wcus-windows/providers/Microsoft.Network/networkInterfaces/nic-vm-jumpbox-windows|diagnostic-settings",
            "log": [],
            "log_analytics_destination_type": "",
            "log_analytics_workspace_id": "/subscriptions/82f6d75e-85f4-434a-ab74-5dddd9fa8910/resourceGroups/rg-lzaks-management/providers/Microsoft.OperationalInsights/workspaces/loganalyticsforaks011",
            "metric": [
              {
                "category": "AllMetrics",
                "enabled": true,
                "retention_policy": [
                  {
                    "days": 7,
                    "enabled": true
                  }
                ]
              }
            ],
            "name": "diagnostic-settings",
            "partner_solution_id": null,
            "storage_account_id": null,
            "target_resource_id": "/subscriptions/82f6d75e-85f4-434a-ab74-5dddd9fa8910/resourceGroups/rg-lzaks-spoke-mgt-wcus-spoke-mgt-wcus-windows/providers/Microsoft.Network/networkInterfaces/nic-vm-jumpbox-windows",
            "timeouts": null
          },
          "sensitive_attributes": [],
          "private": "eyJlMmJmYjczMC1lY2FhLTExZTYtOGY4OC0zNDM2M2JjN2M0YzAiOnsiY3JlYXRlIjoxODAwMDAwMDAwMDAwLCJkZWxldGUiOjM2MDAwMDAwMDAwMDAsInJlYWQiOjMwMDAwMDAwMDAwMCwidXBkYXRlIjoxODAwMDAwMDAwMDAwfX0=",
          "dependencies": [
            "data.azurerm_resources.resources_ds",
            "data.terraform_remote_state.management",
            "module.diagnostic_setting.data.azurerm_monitor_diagnostic_categories.categories"
          ]
        }
      ]
    },
    {
      "module": "module.diagnostic_setting[\"/subscriptions/82f6d75e-85f4-434a-ab74-5dddd9fa8910/resourceGroups/rg-lzaks-spoke-mgt-wcus-spoke-mgt-wcus/providers/Microsoft.Network/networkSecurityGroups/vnet-lzaks-spoke-mgt-wcus-subnet-vm-nsg-westcentralus\"]",
      "mode": "data",
      "type": "azurerm_monitor_diagnostic_categories",
      "name": "categories",
      "provider": "provider[\"registry.terraform.io/hashicorp/azurerm\"]",
      "instances": [
        {
          "schema_version": 0,
          "attributes": {
            "id": "/subscriptions/82f6d75e-85f4-434a-ab74-5dddd9fa8910/resourceGroups/rg-lzaks-spoke-mgt-wcus-spoke-mgt-wcus/providers/Microsoft.Network/networkSecurityGroups/vnet-lzaks-spoke-mgt-wcus-subnet-vm-nsg-westcentralus",
            "log_category_groups": [
              "allLogs"
            ],
            "log_category_types": [
              "NetworkSecurityGroupEvent",
              "NetworkSecurityGroupRuleCounter"
            ],
            "logs": [
              "NetworkSecurityGroupEvent",
              "NetworkSecurityGroupRuleCounter"
            ],
            "metrics": [],
            "resource_id": "/subscriptions/82f6d75e-85f4-434a-ab74-5dddd9fa8910/resourceGroups/rg-lzaks-spoke-mgt-wcus-spoke-mgt-wcus/providers/Microsoft.Network/networkSecurityGroups/vnet-lzaks-spoke-mgt-wcus-subnet-vm-nsg-westcentralus",
            "timeouts": null
          },
          "sensitive_attributes": []
        }
      ]
    },
    {
      "module": "module.diagnostic_setting[\"/subscriptions/82f6d75e-85f4-434a-ab74-5dddd9fa8910/resourceGroups/rg-lzaks-spoke-mgt-wcus-spoke-mgt-wcus/providers/Microsoft.Network/networkSecurityGroups/vnet-lzaks-spoke-mgt-wcus-subnet-vm-nsg-westcentralus\"]",
      "mode": "managed",
      "type": "azurerm_monitor_diagnostic_setting",
      "name": "diagnostic_settings",
      "provider": "provider[\"registry.terraform.io/hashicorp/azurerm\"]",
      "instances": [
        {
          "schema_version": 0,
          "attributes": {
            "enabled_log": [
              {
                "category": "NetworkSecurityGroupEvent",
                "category_group": "",
                "retention_policy": [
                  {
                    "days": 7,
                    "enabled": true
                  }
                ]
              },
              {
                "category": "NetworkSecurityGroupRuleCounter",
                "category_group": "",
                "retention_policy": [
                  {
                    "days": 7,
                    "enabled": true
                  }
                ]
              }
            ],
            "eventhub_authorization_rule_id": "",
            "eventhub_name": "",
            "id": "/subscriptions/82f6d75e-85f4-434a-ab74-5dddd9fa8910/resourceGroups/rg-lzaks-spoke-mgt-wcus-spoke-mgt-wcus/providers/Microsoft.Network/networkSecurityGroups/vnet-lzaks-spoke-mgt-wcus-subnet-vm-nsg-westcentralus|diagnostic-settings",
            "log": [
              {
                "category": "NetworkSecurityGroupEvent",
                "category_group": "",
                "enabled": true,
                "retention_policy": [
                  {
                    "days": 7,
                    "enabled": true
                  }
                ]
              },
              {
                "category": "NetworkSecurityGroupRuleCounter",
                "category_group": "",
                "enabled": true,
                "retention_policy": [
                  {
                    "days": 7,
                    "enabled": true
                  }
                ]
              }
            ],
            "log_analytics_destination_type": "",
            "log_analytics_workspace_id": "/subscriptions/82f6d75e-85f4-434a-ab74-5dddd9fa8910/resourceGroups/rg-lzaks-management/providers/Microsoft.OperationalInsights/workspaces/loganalyticsforaks011",
            "metric": [],
            "name": "diagnostic-settings",
            "partner_solution_id": null,
            "storage_account_id": null,
            "target_resource_id": "/subscriptions/82f6d75e-85f4-434a-ab74-5dddd9fa8910/resourceGroups/rg-lzaks-spoke-mgt-wcus-spoke-mgt-wcus/providers/Microsoft.Network/networkSecurityGroups/vnet-lzaks-spoke-mgt-wcus-subnet-vm-nsg-westcentralus",
            "timeouts": null
          },
          "sensitive_attributes": [],
          "private": "eyJlMmJmYjczMC1lY2FhLTExZTYtOGY4OC0zNDM2M2JjN2M0YzAiOnsiY3JlYXRlIjoxODAwMDAwMDAwMDAwLCJkZWxldGUiOjM2MDAwMDAwMDAwMDAsInJlYWQiOjMwMDAwMDAwMDAwMCwidXBkYXRlIjoxODAwMDAwMDAwMDAwfX0=",
          "dependencies": [
            "data.azurerm_resources.resources_ds",
            "data.terraform_remote_state.management",
            "module.diagnostic_setting.data.azurerm_monitor_diagnostic_categories.categories"
          ]
        }
      ]
    },
    {
      "module": "module.diagnostic_setting[\"/subscriptions/82f6d75e-85f4-434a-ab74-5dddd9fa8910/resourceGroups/rg-lzaks-spoke-mgt-wcus-spoke-mgt-wcus/providers/Microsoft.Network/virtualNetworks/vnet-lzaks-spoke-mgt-wcus\"]",
      "mode": "data",
      "type": "azurerm_monitor_diagnostic_categories",
      "name": "categories",
      "provider": "provider[\"registry.terraform.io/hashicorp/azurerm\"]",
      "instances": [
        {
          "schema_version": 0,
          "attributes": {
            "id": "/subscriptions/82f6d75e-85f4-434a-ab74-5dddd9fa8910/resourceGroups/rg-lzaks-spoke-mgt-wcus-spoke-mgt-wcus/providers/Microsoft.Network/virtualNetworks/vnet-lzaks-spoke-mgt-wcus",
            "log_category_groups": [
              "allLogs"
            ],
            "log_category_types": [
              "VMProtectionAlerts"
            ],
            "logs": [
              "VMProtectionAlerts"
            ],
            "metrics": [
              "AllMetrics"
            ],
            "resource_id": "/subscriptions/82f6d75e-85f4-434a-ab74-5dddd9fa8910/resourceGroups/rg-lzaks-spoke-mgt-wcus-spoke-mgt-wcus/providers/Microsoft.Network/virtualNetworks/vnet-lzaks-spoke-mgt-wcus",
            "timeouts": null
          },
          "sensitive_attributes": []
        }
      ]
    },
    {
      "module": "module.diagnostic_setting[\"/subscriptions/82f6d75e-85f4-434a-ab74-5dddd9fa8910/resourceGroups/rg-lzaks-spoke-mgt-wcus-spoke-mgt-wcus/providers/Microsoft.Network/virtualNetworks/vnet-lzaks-spoke-mgt-wcus\"]",
      "mode": "managed",
      "type": "azurerm_monitor_diagnostic_setting",
      "name": "diagnostic_settings",
      "provider": "provider[\"registry.terraform.io/hashicorp/azurerm\"]",
      "instances": [
        {
          "schema_version": 0,
          "attributes": {
            "enabled_log": [
              {
                "category": "VMProtectionAlerts",
                "category_group": "",
                "retention_policy": [
                  {
                    "days": 7,
                    "enabled": true
                  }
                ]
              }
            ],
            "eventhub_authorization_rule_id": "",
            "eventhub_name": "",
            "id": "/subscriptions/82f6d75e-85f4-434a-ab74-5dddd9fa8910/resourceGroups/rg-lzaks-spoke-mgt-wcus-spoke-mgt-wcus/providers/Microsoft.Network/virtualNetworks/vnet-lzaks-spoke-mgt-wcus|diagnostic-settings",
            "log": [
              {
                "category": "VMProtectionAlerts",
                "category_group": "",
                "enabled": true,
                "retention_policy": [
                  {
                    "days": 7,
                    "enabled": true
                  }
                ]
              }
            ],
            "log_analytics_destination_type": "",
            "log_analytics_workspace_id": "/subscriptions/82f6d75e-85f4-434a-ab74-5dddd9fa8910/resourceGroups/rg-lzaks-management/providers/Microsoft.OperationalInsights/workspaces/loganalyticsforaks011",
            "metric": [
              {
                "category": "AllMetrics",
                "enabled": true,
                "retention_policy": [
                  {
                    "days": 7,
                    "enabled": true
                  }
                ]
              }
            ],
            "name": "diagnostic-settings",
            "partner_solution_id": null,
            "storage_account_id": null,
            "target_resource_id": "/subscriptions/82f6d75e-85f4-434a-ab74-5dddd9fa8910/resourceGroups/rg-lzaks-spoke-mgt-wcus-spoke-mgt-wcus/providers/Microsoft.Network/virtualNetworks/vnet-lzaks-spoke-mgt-wcus",
            "timeouts": null
          },
          "sensitive_attributes": [],
          "private": "eyJlMmJmYjczMC1lY2FhLTExZTYtOGY4OC0zNDM2M2JjN2M0YzAiOnsiY3JlYXRlIjoxODAwMDAwMDAwMDAwLCJkZWxldGUiOjM2MDAwMDAwMDAwMDAsInJlYWQiOjMwMDAwMDAwMDAwMCwidXBkYXRlIjoxODAwMDAwMDAwMDAwfX0=",
          "dependencies": [
            "data.azurerm_resources.resources_ds",
            "data.terraform_remote_state.management",
            "module.diagnostic_setting.data.azurerm_monitor_diagnostic_categories.categories"
          ]
        }
      ]
    },
    {
      "module": "module.diagnostic_setting[\"/subscriptions/82f6d75e-85f4-434a-ab74-5dddd9fa8910/resourceGroups/rg-lzaks-spoke-mgt/providers/Microsoft.Network/networkSecurityGroups/vnet-lzaks-spoke-mgt-subnet-vm-nsg-westeurope\"]",
      "mode": "data",
      "type": "azurerm_monitor_diagnostic_categories",
      "name": "categories",
      "provider": "provider[\"registry.terraform.io/hashicorp/azurerm\"]",
      "instances": [
        {
          "schema_version": 0,
          "attributes": {
            "id": "/subscriptions/82f6d75e-85f4-434a-ab74-5dddd9fa8910/resourceGroups/rg-lzaks-spoke-mgt/providers/Microsoft.Network/networkSecurityGroups/vnet-lzaks-spoke-mgt-subnet-vm-nsg-westeurope",
            "log_category_groups": [
              "allLogs"
            ],
            "log_category_types": [
              "NetworkSecurityGroupEvent",
              "NetworkSecurityGroupRuleCounter"
            ],
            "logs": [
              "NetworkSecurityGroupEvent",
              "NetworkSecurityGroupRuleCounter"
            ],
            "metrics": [],
            "resource_id": "/subscriptions/82f6d75e-85f4-434a-ab74-5dddd9fa8910/resourceGroups/rg-lzaks-spoke-mgt/providers/Microsoft.Network/networkSecurityGroups/vnet-lzaks-spoke-mgt-subnet-vm-nsg-westeurope",
            "timeouts": null
          },
          "sensitive_attributes": []
        }
      ]
    },
    {
      "module": "module.diagnostic_setting[\"/subscriptions/82f6d75e-85f4-434a-ab74-5dddd9fa8910/resourceGroups/rg-lzaks-spoke-mgt/providers/Microsoft.Network/networkSecurityGroups/vnet-lzaks-spoke-mgt-subnet-vm-nsg-westeurope\"]",
      "mode": "managed",
      "type": "azurerm_monitor_diagnostic_setting",
      "name": "diagnostic_settings",
      "provider": "provider[\"registry.terraform.io/hashicorp/azurerm\"]",
      "instances": [
        {
          "schema_version": 0,
          "attributes": {
            "enabled_log": [
              {
                "category": "NetworkSecurityGroupEvent",
                "category_group": "",
                "retention_policy": [
                  {
                    "days": 7,
                    "enabled": true
                  }
                ]
              },
              {
                "category": "NetworkSecurityGroupRuleCounter",
                "category_group": "",
                "retention_policy": [
                  {
                    "days": 7,
                    "enabled": true
                  }
                ]
              }
            ],
            "eventhub_authorization_rule_id": "",
            "eventhub_name": "",
            "id": "/subscriptions/82f6d75e-85f4-434a-ab74-5dddd9fa8910/resourceGroups/rg-lzaks-spoke-mgt/providers/Microsoft.Network/networkSecurityGroups/vnet-lzaks-spoke-mgt-subnet-vm-nsg-westeurope|diagnostic-settings",
            "log": [
              {
                "category": "NetworkSecurityGroupEvent",
                "category_group": "",
                "enabled": true,
                "retention_policy": [
                  {
                    "days": 7,
                    "enabled": true
                  }
                ]
              },
              {
                "category": "NetworkSecurityGroupRuleCounter",
                "category_group": "",
                "enabled": true,
                "retention_policy": [
                  {
                    "days": 7,
                    "enabled": true
                  }
                ]
              }
            ],
            "log_analytics_destination_type": "",
            "log_analytics_workspace_id": "/subscriptions/82f6d75e-85f4-434a-ab74-5dddd9fa8910/resourceGroups/rg-lzaks-management/providers/Microsoft.OperationalInsights/workspaces/loganalyticsforaks011",
            "metric": [],
            "name": "diagnostic-settings",
            "partner_solution_id": null,
            "storage_account_id": null,
            "target_resource_id": "/subscriptions/82f6d75e-85f4-434a-ab74-5dddd9fa8910/resourceGroups/rg-lzaks-spoke-mgt/providers/Microsoft.Network/networkSecurityGroups/vnet-lzaks-spoke-mgt-subnet-vm-nsg-westeurope",
            "timeouts": null
          },
          "sensitive_attributes": [],
          "private": "eyJlMmJmYjczMC1lY2FhLTExZTYtOGY4OC0zNDM2M2JjN2M0YzAiOnsiY3JlYXRlIjoxODAwMDAwMDAwMDAwLCJkZWxldGUiOjM2MDAwMDAwMDAwMDAsInJlYWQiOjMwMDAwMDAwMDAwMCwidXBkYXRlIjoxODAwMDAwMDAwMDAwfX0=",
          "dependencies": [
            "data.azurerm_resources.resources_ds",
            "data.terraform_remote_state.management",
            "module.diagnostic_setting.data.azurerm_monitor_diagnostic_categories.categories"
          ]
        }
      ]
    },
    {
      "module": "module.diagnostic_setting[\"/subscriptions/82f6d75e-85f4-434a-ab74-5dddd9fa8910/resourceGroups/rg-lzaks-spoke-mgt/providers/Microsoft.Network/virtualNetworks/vnet-lzaks-spoke-mgt\"]",
      "mode": "data",
      "type": "azurerm_monitor_diagnostic_categories",
      "name": "categories",
      "provider": "provider[\"registry.terraform.io/hashicorp/azurerm\"]",
      "instances": [
        {
          "schema_version": 0,
          "attributes": {
            "id": "/subscriptions/82f6d75e-85f4-434a-ab74-5dddd9fa8910/resourceGroups/rg-lzaks-spoke-mgt/providers/Microsoft.Network/virtualNetworks/vnet-lzaks-spoke-mgt",
            "log_category_groups": [
              "allLogs"
            ],
            "log_category_types": [
              "VMProtectionAlerts"
            ],
            "logs": [
              "VMProtectionAlerts"
            ],
            "metrics": [
              "AllMetrics"
            ],
            "resource_id": "/subscriptions/82f6d75e-85f4-434a-ab74-5dddd9fa8910/resourceGroups/rg-lzaks-spoke-mgt/providers/Microsoft.Network/virtualNetworks/vnet-lzaks-spoke-mgt",
            "timeouts": null
          },
          "sensitive_attributes": []
        }
      ]
    },
    {
      "module": "module.diagnostic_setting[\"/subscriptions/82f6d75e-85f4-434a-ab74-5dddd9fa8910/resourceGroups/rg-lzaks-spoke-mgt/providers/Microsoft.Network/virtualNetworks/vnet-lzaks-spoke-mgt\"]",
      "mode": "managed",
      "type": "azurerm_monitor_diagnostic_setting",
      "name": "diagnostic_settings",
      "provider": "provider[\"registry.terraform.io/hashicorp/azurerm\"]",
      "instances": [
        {
          "schema_version": 0,
          "attributes": {
            "enabled_log": [
              {
                "category": "VMProtectionAlerts",
                "category_group": "",
                "retention_policy": [
                  {
                    "days": 7,
                    "enabled": true
                  }
                ]
              }
            ],
            "eventhub_authorization_rule_id": "",
            "eventhub_name": "",
            "id": "/subscriptions/82f6d75e-85f4-434a-ab74-5dddd9fa8910/resourceGroups/rg-lzaks-spoke-mgt/providers/Microsoft.Network/virtualNetworks/vnet-lzaks-spoke-mgt|diagnostic-settings",
            "log": [
              {
                "category": "VMProtectionAlerts",
                "category_group": "",
                "enabled": true,
                "retention_policy": [
                  {
                    "days": 7,
                    "enabled": true
                  }
                ]
              }
            ],
            "log_analytics_destination_type": "",
            "log_analytics_workspace_id": "/subscriptions/82f6d75e-85f4-434a-ab74-5dddd9fa8910/resourceGroups/rg-lzaks-management/providers/Microsoft.OperationalInsights/workspaces/loganalyticsforaks011",
            "metric": [
              {
                "category": "AllMetrics",
                "enabled": true,
                "retention_policy": [
                  {
                    "days": 7,
                    "enabled": true
                  }
                ]
              }
            ],
            "name": "diagnostic-settings",
            "partner_solution_id": null,
            "storage_account_id": null,
            "target_resource_id": "/subscriptions/82f6d75e-85f4-434a-ab74-5dddd9fa8910/resourceGroups/rg-lzaks-spoke-mgt/providers/Microsoft.Network/virtualNetworks/vnet-lzaks-spoke-mgt",
            "timeouts": null
          },
          "sensitive_attributes": [],
          "private": "eyJlMmJmYjczMC1lY2FhLTExZTYtOGY4OC0zNDM2M2JjN2M0YzAiOnsiY3JlYXRlIjoxODAwMDAwMDAwMDAwLCJkZWxldGUiOjM2MDAwMDAwMDAwMDAsInJlYWQiOjMwMDAwMDAwMDAwMCwidXBkYXRlIjoxODAwMDAwMDAwMDAwfX0=",
          "dependencies": [
            "data.azurerm_resources.resources_ds",
            "data.terraform_remote_state.management",
            "module.diagnostic_setting.data.azurerm_monitor_diagnostic_categories.categories"
          ]
        }
      ]
    }
  ],
  "check_results": null
}
