{
  "version": 4,
  "terraform_version": "1.5.1",
  "serial": 65,
  "lineage": "d1881586-15b2-ecc9-3569-56ef9f708738",
  "outputs": {
    "diagnostic_settings": {
      "value": [
        "storageAccounts / NetworkWatcherRG / storageforlogs011",
        "virtualMachines / rg-lzaks-hub-vm-linux / vm-jumpbox-linux",
        "networkInterfaces / rg-lzaks-hub-vm-linux / nic-vm",
        "azureFirewalls / rg-lzaks-hub / firewall-hub",
        "bastionHosts / rg-lzaks-hub / bastion-host",
        "networkSecurityGroups / rg-lzaks-hub / nsg-vnet-hub",
        "networkSecurityGroups / rg-lzaks-hub / vnet-hub-AzureBastionSubnet-nsg-westeurope",
        "networkSecurityGroups / rg-lzaks-hub / vnet-hub-subnet-vm-nsg-westeurope",
        "publicIPAddresses / rg-lzaks-hub / public-ip-bastion",
        "publicIPAddresses / rg-lzaks-hub / public-ip-firewall",
        "virtualNetworks / rg-lzaks-hub / vnet-hub",
        "workspaces / rg-lzaks-management / loganalyticsforaks011",
        "managedClusters / rg-lzaks-spoke-aks-cluster / aks-lzaks-cluster",
        "registries / rg-lzaks-spoke-aks-infra / acrforakstf01357",
        "vaults / rg-lzaks-spoke-aks-infra / kvforakslz01357",
        "applicationGateways / rg-lzaks-spoke-aks-infra / appgw-aks",
        "networkInterfaces / rg-lzaks-spoke-aks-infra / private-endpoint-acr.nic.fb72157c-e56c-4354-97fa-40b4c6fcfb9c",
        "networkInterfaces / rg-lzaks-spoke-aks-infra / private-endpoint-keyvault.nic.067dd978-892f-4dba-9547-ebdbcce4e873",
        "networkInterfaces / rg-lzaks-spoke-aks-infra / private-endpoint-storage.nic.b1fb3d31-34ed-40b7-bfa8-0b8ffc6b3557",
        "networkSecurityGroups / rg-lzaks-spoke-aks-infra / nsg-vnet-spoke-aks",
        "networkSecurityGroups / rg-lzaks-spoke-aks-infra / vnet-spoke-aks-subnet-apiserver-nsg-westeurope",
        "networkSecurityGroups / rg-lzaks-spoke-aks-infra / vnet-spoke-aks-subnet-appgw-nsg-westeurope",
        "networkSecurityGroups / rg-lzaks-spoke-aks-infra / vnet-spoke-aks-subnet-nodes-nsg-westeurope",
        "networkSecurityGroups / rg-lzaks-spoke-aks-infra / vnet-spoke-aks-subnet-nodes-poolappsarm-nsg-westeurope",
        "networkSecurityGroups / rg-lzaks-spoke-aks-infra / vnet-spoke-aks-subnet-pods-nsg-westeurope",
        "networkSecurityGroups / rg-lzaks-spoke-aks-infra / vnet-spoke-aks-subnet-pods-poolappsarm-nsg-westeurope",
        "networkSecurityGroups / rg-lzaks-spoke-aks-infra / vnet-spoke-aks-subnet-spoke-aks-pe-nsg-westeurope",
        "publicIPAddresses / rg-lzaks-spoke-aks-infra / public-ip-appgw",
        "virtualNetworks / rg-lzaks-spoke-aks-infra / vnet-spoke-aks",
        "storageAccounts / rg-lzaks-spoke-aks-infra / storageforaks01357",
        "loadBalancers / rg-lzaks-spoke-aks-nodes / kube-apiserver",
        "networkSecurityGroups / rg-lzaks-spoke-aks-nodes / aks-agentpool-35064155-nsg"
      ],
      "type": [
        "tuple",
        [
          "string",
          "string",
          "string",
          "string",
          "string",
          "string",
          "string",
          "string",
          "string",
          "string",
          "string",
          "string",
          "string",
          "string",
          "string",
          "string",
          "string",
          "string",
          "string",
          "string",
          "string",
          "string",
          "string",
          "string",
          "string",
          "string",
          "string",
          "string",
          "string",
          "string",
          "string",
          "string"
        ]
      ]
    },
    "flow_log": {
      "value": [
        "networkSecurityGroups / rg-lzaks-spoke-aks-nodes / aks-agentpool-35064155-nsg",
        "networkSecurityGroups / rg-lzaks-hub / nsg-vnet-hub",
        "networkSecurityGroups / rg-lzaks-spoke-aks-infra / nsg-vnet-spoke-aks",
        "networkSecurityGroups / rg-lzaks-hub / vnet-hub-AzureBastionSubnet-nsg-westeurope",
        "networkSecurityGroups / rg-lzaks-hub / vnet-hub-subnet-vm-nsg-westeurope",
        "networkSecurityGroups / rg-lzaks-spoke-aks-infra / vnet-spoke-aks-subnet-apiserver-nsg-westeurope",
        "networkSecurityGroups / rg-lzaks-spoke-aks-infra / vnet-spoke-aks-subnet-appgw-nsg-westeurope",
        "networkSecurityGroups / rg-lzaks-spoke-aks-infra / vnet-spoke-aks-subnet-nodes-nsg-westeurope",
        "networkSecurityGroups / rg-lzaks-spoke-aks-infra / vnet-spoke-aks-subnet-nodes-poolappsarm-nsg-westeurope",
        "networkSecurityGroups / rg-lzaks-spoke-aks-infra / vnet-spoke-aks-subnet-pods-nsg-westeurope",
        "networkSecurityGroups / rg-lzaks-spoke-aks-infra / vnet-spoke-aks-subnet-pods-poolappsarm-nsg-westeurope",
        "networkSecurityGroups / rg-lzaks-spoke-aks-infra / vnet-spoke-aks-subnet-spoke-aks-pe-nsg-westeurope"
      ],
      "type": [
        "tuple",
        [
          "string",
          "string",
          "string",
          "string",
          "string",
          "string",
          "string",
          "string",
          "string",
          "string",
          "string",
          "string"
        ]
      ]
    }
  },
  "resources": [
    {
      "mode": "data",
      "type": "azurerm_network_watcher",
      "name": "network_watcher_regional",
      "provider": "provider[\"registry.terraform.io/hashicorp/azurerm\"]",
      "instances": [
        {
          "schema_version": 0,
          "attributes": {
            "id": "/subscriptions/82f6d75e-85f4-434a-ab74-5dddd9fa8910/resourceGroups/NetworkWatcherRG/providers/Microsoft.Network/networkWatchers/NetworkWatcher_westeurope",
            "location": "westeurope",
            "name": "NetworkWatcher_westeurope",
            "resource_group_name": "NetworkWatcherRG",
            "tags": {},
            "timeouts": null
          },
          "sensitive_attributes": []
        }
      ]
    },
    {
      "mode": "data",
      "type": "azurerm_resources",
      "name": "nsg_flowlogs",
      "provider": "provider[\"registry.terraform.io/hashicorp/azurerm\"]",
      "instances": [
        {
          "schema_version": 0,
          "attributes": {
            "id": "resource-ad03d847-5f75-49a3-88dd-6e5d1d1b11f1",
            "name": null,
            "required_tags": {
              "architecture": "Hub\u0026Spoke",
              "environment": "development",
              "source": "terraform"
            },
            "resource_group_name": null,
            "resources": [
              {
                "id": "/subscriptions/82f6d75e-85f4-434a-ab74-5dddd9fa8910/resourceGroups/rg-lzaks-hub/providers/Microsoft.Network/networkSecurityGroups/nsg-vnet-hub",
                "location": "westeurope",
                "name": "nsg-vnet-hub",
                "resource_group_name": "rg-lzaks-hub",
                "tags": {
                  "architecture": "Hub\u0026Spoke",
                  "environment": "development",
                  "source": "terraform"
                },
                "type": "Microsoft.Network/networkSecurityGroups"
              },
              {
                "id": "/subscriptions/82f6d75e-85f4-434a-ab74-5dddd9fa8910/resourceGroups/rg-lzaks-hub/providers/Microsoft.Network/networkSecurityGroups/vnet-hub-AzureBastionSubnet-nsg-westeurope",
                "location": "westeurope",
                "name": "vnet-hub-AzureBastionSubnet-nsg-westeurope",
                "resource_group_name": "rg-lzaks-hub",
                "tags": {
                  "architecture": "Hub\u0026Spoke",
                  "environment": "development",
                  "source": "terraform"
                },
                "type": "Microsoft.Network/networkSecurityGroups"
              },
              {
                "id": "/subscriptions/82f6d75e-85f4-434a-ab74-5dddd9fa8910/resourceGroups/rg-lzaks-hub/providers/Microsoft.Network/networkSecurityGroups/vnet-hub-subnet-vm-nsg-westeurope",
                "location": "westeurope",
                "name": "vnet-hub-subnet-vm-nsg-westeurope",
                "resource_group_name": "rg-lzaks-hub",
                "tags": {
                  "architecture": "Hub\u0026Spoke",
                  "environment": "development",
                  "source": "terraform"
                },
                "type": "Microsoft.Network/networkSecurityGroups"
              },
              {
                "id": "/subscriptions/82f6d75e-85f4-434a-ab74-5dddd9fa8910/resourceGroups/rg-lzaks-spoke-aks-infra/providers/Microsoft.Network/networkSecurityGroups/nsg-vnet-spoke-aks",
                "location": "westeurope",
                "name": "nsg-vnet-spoke-aks",
                "resource_group_name": "rg-lzaks-spoke-aks-infra",
                "tags": {
                  "architecture": "Hub\u0026Spoke",
                  "environment": "development",
                  "source": "terraform"
                },
                "type": "Microsoft.Network/networkSecurityGroups"
              },
              {
                "id": "/subscriptions/82f6d75e-85f4-434a-ab74-5dddd9fa8910/resourceGroups/rg-lzaks-spoke-aks-infra/providers/Microsoft.Network/networkSecurityGroups/vnet-spoke-aks-subnet-apiserver-nsg-westeurope",
                "location": "westeurope",
                "name": "vnet-spoke-aks-subnet-apiserver-nsg-westeurope",
                "resource_group_name": "rg-lzaks-spoke-aks-infra",
                "tags": {
                  "architecture": "Hub\u0026Spoke",
                  "environment": "development",
                  "source": "terraform"
                },
                "type": "Microsoft.Network/networkSecurityGroups"
              },
              {
                "id": "/subscriptions/82f6d75e-85f4-434a-ab74-5dddd9fa8910/resourceGroups/rg-lzaks-spoke-aks-infra/providers/Microsoft.Network/networkSecurityGroups/vnet-spoke-aks-subnet-appgw-nsg-westeurope",
                "location": "westeurope",
                "name": "vnet-spoke-aks-subnet-appgw-nsg-westeurope",
                "resource_group_name": "rg-lzaks-spoke-aks-infra",
                "tags": {
                  "architecture": "Hub\u0026Spoke",
                  "environment": "development",
                  "source": "terraform"
                },
                "type": "Microsoft.Network/networkSecurityGroups"
              },
              {
                "id": "/subscriptions/82f6d75e-85f4-434a-ab74-5dddd9fa8910/resourceGroups/rg-lzaks-spoke-aks-infra/providers/Microsoft.Network/networkSecurityGroups/vnet-spoke-aks-subnet-nodes-nsg-westeurope",
                "location": "westeurope",
                "name": "vnet-spoke-aks-subnet-nodes-nsg-westeurope",
                "resource_group_name": "rg-lzaks-spoke-aks-infra",
                "tags": {
                  "architecture": "Hub\u0026Spoke",
                  "environment": "development",
                  "source": "terraform"
                },
                "type": "Microsoft.Network/networkSecurityGroups"
              },
              {
                "id": "/subscriptions/82f6d75e-85f4-434a-ab74-5dddd9fa8910/resourceGroups/rg-lzaks-spoke-aks-infra/providers/Microsoft.Network/networkSecurityGroups/vnet-spoke-aks-subnet-nodes-poolappsarm-nsg-westeurope",
                "location": "westeurope",
                "name": "vnet-spoke-aks-subnet-nodes-poolappsarm-nsg-westeurope",
                "resource_group_name": "rg-lzaks-spoke-aks-infra",
                "tags": {
                  "architecture": "Hub\u0026Spoke",
                  "environment": "development",
                  "source": "terraform"
                },
                "type": "Microsoft.Network/networkSecurityGroups"
              },
              {
                "id": "/subscriptions/82f6d75e-85f4-434a-ab74-5dddd9fa8910/resourceGroups/rg-lzaks-spoke-aks-infra/providers/Microsoft.Network/networkSecurityGroups/vnet-spoke-aks-subnet-pods-nsg-westeurope",
                "location": "westeurope",
                "name": "vnet-spoke-aks-subnet-pods-nsg-westeurope",
                "resource_group_name": "rg-lzaks-spoke-aks-infra",
                "tags": {
                  "architecture": "Hub\u0026Spoke",
                  "environment": "development",
                  "source": "terraform"
                },
                "type": "Microsoft.Network/networkSecurityGroups"
              },
              {
                "id": "/subscriptions/82f6d75e-85f4-434a-ab74-5dddd9fa8910/resourceGroups/rg-lzaks-spoke-aks-infra/providers/Microsoft.Network/networkSecurityGroups/vnet-spoke-aks-subnet-pods-poolappsarm-nsg-westeurope",
                "location": "westeurope",
                "name": "vnet-spoke-aks-subnet-pods-poolappsarm-nsg-westeurope",
                "resource_group_name": "rg-lzaks-spoke-aks-infra",
                "tags": {
                  "architecture": "Hub\u0026Spoke",
                  "environment": "development",
                  "source": "terraform"
                },
                "type": "Microsoft.Network/networkSecurityGroups"
              },
              {
                "id": "/subscriptions/82f6d75e-85f4-434a-ab74-5dddd9fa8910/resourceGroups/rg-lzaks-spoke-aks-infra/providers/Microsoft.Network/networkSecurityGroups/vnet-spoke-aks-subnet-spoke-aks-pe-nsg-westeurope",
                "location": "westeurope",
                "name": "vnet-spoke-aks-subnet-spoke-aks-pe-nsg-westeurope",
                "resource_group_name": "rg-lzaks-spoke-aks-infra",
                "tags": {
                  "architecture": "Hub\u0026Spoke",
                  "environment": "development",
                  "source": "terraform"
                },
                "type": "Microsoft.Network/networkSecurityGroups"
              },
              {
                "id": "/subscriptions/82f6d75e-85f4-434a-ab74-5dddd9fa8910/resourceGroups/rg-lzaks-spoke-aks-nodes/providers/Microsoft.Network/networkSecurityGroups/aks-agentpool-35064155-nsg",
                "location": "westeurope",
                "name": "aks-agentpool-35064155-nsg",
                "resource_group_name": "rg-lzaks-spoke-aks-nodes",
                "tags": {
                  "architecture": "Hub\u0026Spoke",
                  "environment": "development",
                  "source": "terraform"
                },
                "type": "Microsoft.Network/networkSecurityGroups"
              }
            ],
            "timeouts": null,
            "type": "Microsoft.Network/networkSecurityGroups"
          },
          "sensitive_attributes": []
        }
      ]
    },
    {
      "mode": "data",
      "type": "azurerm_resources",
      "name": "resources_ds",
      "provider": "provider[\"registry.terraform.io/hashicorp/azurerm\"]",
      "instances": [
        {
          "index_key": "Microsoft.Compute/virtualMachines",
          "schema_version": 0,
          "attributes": {
            "id": "resource-51cf5c5f-efa9-4ca3-a27b-b8e861d09998",
            "name": null,
            "required_tags": {
              "architecture": "Hub\u0026Spoke",
              "environment": "development",
              "source": "terraform"
            },
            "resource_group_name": null,
            "resources": [
              {
                "id": "/subscriptions/82f6d75e-85f4-434a-ab74-5dddd9fa8910/resourceGroups/rg-lzaks-hub-vm-linux/providers/Microsoft.Compute/virtualMachines/vm-jumpbox-linux",
                "location": "westeurope",
                "name": "vm-jumpbox-linux",
                "resource_group_name": "rg-lzaks-hub-vm-linux",
                "tags": {
                  "architecture": "Hub\u0026Spoke",
                  "environment": "development",
                  "source": "terraform"
                },
                "type": "Microsoft.Compute/virtualMachines"
              }
            ],
            "timeouts": null,
            "type": "Microsoft.Compute/virtualMachines"
          },
          "sensitive_attributes": []
        },
        {
          "index_key": "Microsoft.ContainerRegistry/registries",
          "schema_version": 0,
          "attributes": {
            "id": "resource-c00a5409-42af-4853-ac9e-892f7b72e1ec",
            "name": null,
            "required_tags": {
              "architecture": "Hub\u0026Spoke",
              "environment": "development",
              "source": "terraform"
            },
            "resource_group_name": null,
            "resources": [
              {
                "id": "/subscriptions/82f6d75e-85f4-434a-ab74-5dddd9fa8910/resourceGroups/rg-lzaks-spoke-aks-infra/providers/Microsoft.ContainerRegistry/registries/acrforakstf01357",
                "location": "westeurope",
                "name": "acrforakstf01357",
                "resource_group_name": "rg-lzaks-spoke-aks-infra",
                "tags": {
                  "architecture": "Hub\u0026Spoke",
                  "environment": "development",
                  "source": "terraform"
                },
                "type": "Microsoft.ContainerRegistry/registries"
              }
            ],
            "timeouts": null,
            "type": "Microsoft.ContainerRegistry/registries"
          },
          "sensitive_attributes": []
        },
        {
          "index_key": "Microsoft.ContainerService/managedClusters",
          "schema_version": 0,
          "attributes": {
            "id": "resource-b33410d3-6297-4522-8536-75e9f9acce81",
            "name": null,
            "required_tags": {
              "architecture": "Hub\u0026Spoke",
              "environment": "development",
              "source": "terraform"
            },
            "resource_group_name": null,
            "resources": [
              {
                "id": "/subscriptions/82f6d75e-85f4-434a-ab74-5dddd9fa8910/resourceGroups/rg-lzaks-spoke-aks-cluster/providers/Microsoft.ContainerService/managedClusters/aks-lzaks-cluster",
                "location": "westeurope",
                "name": "aks-lzaks-cluster",
                "resource_group_name": "rg-lzaks-spoke-aks-cluster",
                "tags": {
                  "architecture": "Hub\u0026Spoke",
                  "environment": "development",
                  "source": "terraform"
                },
                "type": "Microsoft.ContainerService/managedClusters"
              }
            ],
            "timeouts": null,
            "type": "Microsoft.ContainerService/managedClusters"
          },
          "sensitive_attributes": []
        },
        {
          "index_key": "Microsoft.KeyVault/vaults",
          "schema_version": 0,
          "attributes": {
            "id": "resource-6bb44774-6754-4af6-bab3-2c24b9819a36",
            "name": null,
            "required_tags": {
              "architecture": "Hub\u0026Spoke",
              "environment": "development",
              "source": "terraform"
            },
            "resource_group_name": null,
            "resources": [
              {
                "id": "/subscriptions/82f6d75e-85f4-434a-ab74-5dddd9fa8910/resourceGroups/rg-lzaks-spoke-aks-infra/providers/Microsoft.KeyVault/vaults/kvforakslz01357",
                "location": "westeurope",
                "name": "kvforakslz01357",
                "resource_group_name": "rg-lzaks-spoke-aks-infra",
                "tags": {
                  "architecture": "Hub\u0026Spoke",
                  "environment": "development",
                  "source": "terraform"
                },
                "type": "Microsoft.KeyVault/vaults"
              }
            ],
            "timeouts": null,
            "type": "Microsoft.KeyVault/vaults"
          },
          "sensitive_attributes": []
        },
        {
          "index_key": "Microsoft.Network/applicationGateways",
          "schema_version": 0,
          "attributes": {
            "id": "resource-bb941d73-64f2-4e65-9a8c-3ff249c9839b",
            "name": null,
            "required_tags": {
              "architecture": "Hub\u0026Spoke",
              "environment": "development",
              "source": "terraform"
            },
            "resource_group_name": null,
            "resources": [
              {
                "id": "/subscriptions/82f6d75e-85f4-434a-ab74-5dddd9fa8910/resourceGroups/rg-lzaks-spoke-aks-infra/providers/Microsoft.Network/applicationGateways/appgw-aks",
                "location": "westeurope",
                "name": "appgw-aks",
                "resource_group_name": "rg-lzaks-spoke-aks-infra",
                "tags": {
                  "architecture": "Hub\u0026Spoke",
                  "environment": "development",
                  "source": "terraform"
                },
                "type": "Microsoft.Network/applicationGateways"
              }
            ],
            "timeouts": null,
            "type": "Microsoft.Network/applicationGateways"
          },
          "sensitive_attributes": []
        },
        {
          "index_key": "Microsoft.Network/azureFirewalls",
          "schema_version": 0,
          "attributes": {
            "id": "resource-c007173f-03f7-4d28-a1f3-e05eb3c6264c",
            "name": null,
            "required_tags": {
              "architecture": "Hub\u0026Spoke",
              "environment": "development",
              "source": "terraform"
            },
            "resource_group_name": null,
            "resources": [
              {
                "id": "/subscriptions/82f6d75e-85f4-434a-ab74-5dddd9fa8910/resourceGroups/rg-lzaks-hub/providers/Microsoft.Network/azureFirewalls/firewall-hub",
                "location": "westeurope",
                "name": "firewall-hub",
                "resource_group_name": "rg-lzaks-hub",
                "tags": {
                  "architecture": "Hub\u0026Spoke",
                  "environment": "development",
                  "source": "terraform"
                },
                "type": "Microsoft.Network/azureFirewalls"
              }
            ],
            "timeouts": null,
            "type": "Microsoft.Network/azureFirewalls"
          },
          "sensitive_attributes": []
        },
        {
          "index_key": "Microsoft.Network/bastionHosts",
          "schema_version": 0,
          "attributes": {
            "id": "resource-4bc1b3a1-3bcb-4ce5-acda-8767ea791a92",
            "name": null,
            "required_tags": {
              "architecture": "Hub\u0026Spoke",
              "environment": "development",
              "source": "terraform"
            },
            "resource_group_name": null,
            "resources": [
              {
                "id": "/subscriptions/82f6d75e-85f4-434a-ab74-5dddd9fa8910/resourceGroups/rg-lzaks-hub/providers/Microsoft.Network/bastionHosts/bastion-host",
                "location": "westeurope",
                "name": "bastion-host",
                "resource_group_name": "rg-lzaks-hub",
                "tags": {
                  "architecture": "Hub\u0026Spoke",
                  "environment": "development",
                  "source": "terraform"
                },
                "type": "Microsoft.Network/bastionHosts"
              }
            ],
            "timeouts": null,
            "type": "Microsoft.Network/bastionHosts"
          },
          "sensitive_attributes": []
        },
        {
          "index_key": "Microsoft.Network/expressRouteCircuits",
          "schema_version": 0,
          "attributes": {
            "id": "resource-5eeecee9-db9e-43e4-9de1-0dd160528c07",
            "name": null,
            "required_tags": {
              "architecture": "Hub\u0026Spoke",
              "environment": "development",
              "source": "terraform"
            },
            "resource_group_name": null,
            "resources": [],
            "timeouts": null,
            "type": "Microsoft.Network/expressRouteCircuits"
          },
          "sensitive_attributes": []
        },
        {
          "index_key": "Microsoft.Network/expressRouteGateways",
          "schema_version": 0,
          "attributes": {
            "id": "resource-9ef763d9-6aef-461d-a665-c1c956cfea6a",
            "name": null,
            "required_tags": {
              "architecture": "Hub\u0026Spoke",
              "environment": "development",
              "source": "terraform"
            },
            "resource_group_name": null,
            "resources": [],
            "timeouts": null,
            "type": "Microsoft.Network/expressRouteGateways"
          },
          "sensitive_attributes": []
        },
        {
          "index_key": "Microsoft.Network/expressRoutePorts",
          "schema_version": 0,
          "attributes": {
            "id": "resource-baeb8086-ab64-4c81-8cb8-edd822f98a85",
            "name": null,
            "required_tags": {
              "architecture": "Hub\u0026Spoke",
              "environment": "development",
              "source": "terraform"
            },
            "resource_group_name": null,
            "resources": [],
            "timeouts": null,
            "type": "Microsoft.Network/expressRoutePorts"
          },
          "sensitive_attributes": []
        },
        {
          "index_key": "Microsoft.Network/loadBalancers",
          "schema_version": 0,
          "attributes": {
            "id": "resource-80c241bc-bb19-45a8-b32a-8ff3fdf56921",
            "name": null,
            "required_tags": {
              "architecture": "Hub\u0026Spoke",
              "environment": "development",
              "source": "terraform"
            },
            "resource_group_name": null,
            "resources": [
              {
                "id": "/subscriptions/82f6d75e-85f4-434a-ab74-5dddd9fa8910/resourceGroups/rg-lzaks-spoke-aks-nodes/providers/Microsoft.Network/loadBalancers/kube-apiserver",
                "location": "westeurope",
                "name": "kube-apiserver",
                "resource_group_name": "rg-lzaks-spoke-aks-nodes",
                "tags": {
                  "architecture": "Hub\u0026Spoke",
                  "environment": "development",
                  "source": "terraform"
                },
                "type": "Microsoft.Network/loadBalancers"
              }
            ],
            "timeouts": null,
            "type": "Microsoft.Network/loadBalancers"
          },
          "sensitive_attributes": []
        },
        {
          "index_key": "Microsoft.Network/networkInterfaces",
          "schema_version": 0,
          "attributes": {
            "id": "resource-7a385fbb-7afe-4c92-ad9b-7d1b20c8027a",
            "name": null,
            "required_tags": {
              "architecture": "Hub\u0026Spoke",
              "environment": "development",
              "source": "terraform"
            },
            "resource_group_name": null,
            "resources": [
              {
                "id": "/subscriptions/82f6d75e-85f4-434a-ab74-5dddd9fa8910/resourceGroups/rg-lzaks-hub-vm-linux/providers/Microsoft.Network/networkInterfaces/nic-vm",
                "location": "westeurope",
                "name": "nic-vm",
                "resource_group_name": "rg-lzaks-hub-vm-linux",
                "tags": {
                  "architecture": "Hub\u0026Spoke",
                  "environment": "development",
                  "source": "terraform"
                },
                "type": "Microsoft.Network/networkInterfaces"
              },
              {
                "id": "/subscriptions/82f6d75e-85f4-434a-ab74-5dddd9fa8910/resourceGroups/rg-lzaks-spoke-aks-infra/providers/Microsoft.Network/networkInterfaces/private-endpoint-acr.nic.fb72157c-e56c-4354-97fa-40b4c6fcfb9c",
                "location": "westeurope",
                "name": "private-endpoint-acr.nic.fb72157c-e56c-4354-97fa-40b4c6fcfb9c",
                "resource_group_name": "rg-lzaks-spoke-aks-infra",
                "tags": {
                  "architecture": "Hub\u0026Spoke",
                  "environment": "development",
                  "source": "terraform"
                },
                "type": "Microsoft.Network/networkInterfaces"
              },
              {
                "id": "/subscriptions/82f6d75e-85f4-434a-ab74-5dddd9fa8910/resourceGroups/rg-lzaks-spoke-aks-infra/providers/Microsoft.Network/networkInterfaces/private-endpoint-keyvault.nic.067dd978-892f-4dba-9547-ebdbcce4e873",
                "location": "westeurope",
                "name": "private-endpoint-keyvault.nic.067dd978-892f-4dba-9547-ebdbcce4e873",
                "resource_group_name": "rg-lzaks-spoke-aks-infra",
                "tags": {
                  "architecture": "Hub\u0026Spoke",
                  "environment": "development",
                  "source": "terraform"
                },
                "type": "Microsoft.Network/networkInterfaces"
              },
              {
                "id": "/subscriptions/82f6d75e-85f4-434a-ab74-5dddd9fa8910/resourceGroups/rg-lzaks-spoke-aks-infra/providers/Microsoft.Network/networkInterfaces/private-endpoint-storage.nic.b1fb3d31-34ed-40b7-bfa8-0b8ffc6b3557",
                "location": "westeurope",
                "name": "private-endpoint-storage.nic.b1fb3d31-34ed-40b7-bfa8-0b8ffc6b3557",
                "resource_group_name": "rg-lzaks-spoke-aks-infra",
                "tags": {
                  "architecture": "Hub\u0026Spoke",
                  "environment": "development",
                  "source": "terraform"
                },
                "type": "Microsoft.Network/networkInterfaces"
              }
            ],
            "timeouts": null,
            "type": "Microsoft.Network/networkInterfaces"
          },
          "sensitive_attributes": []
        },
        {
          "index_key": "Microsoft.Network/networkSecurityGroups",
          "schema_version": 0,
          "attributes": {
            "id": "resource-ee63a97a-6078-4664-9324-621be811c280",
            "name": null,
            "required_tags": {
              "architecture": "Hub\u0026Spoke",
              "environment": "development",
              "source": "terraform"
            },
            "resource_group_name": null,
            "resources": [
              {
                "id": "/subscriptions/82f6d75e-85f4-434a-ab74-5dddd9fa8910/resourceGroups/rg-lzaks-hub/providers/Microsoft.Network/networkSecurityGroups/nsg-vnet-hub",
                "location": "westeurope",
                "name": "nsg-vnet-hub",
                "resource_group_name": "rg-lzaks-hub",
                "tags": {
                  "architecture": "Hub\u0026Spoke",
                  "environment": "development",
                  "source": "terraform"
                },
                "type": "Microsoft.Network/networkSecurityGroups"
              },
              {
                "id": "/subscriptions/82f6d75e-85f4-434a-ab74-5dddd9fa8910/resourceGroups/rg-lzaks-hub/providers/Microsoft.Network/networkSecurityGroups/vnet-hub-AzureBastionSubnet-nsg-westeurope",
                "location": "westeurope",
                "name": "vnet-hub-AzureBastionSubnet-nsg-westeurope",
                "resource_group_name": "rg-lzaks-hub",
                "tags": {
                  "architecture": "Hub\u0026Spoke",
                  "environment": "development",
                  "source": "terraform"
                },
                "type": "Microsoft.Network/networkSecurityGroups"
              },
              {
                "id": "/subscriptions/82f6d75e-85f4-434a-ab74-5dddd9fa8910/resourceGroups/rg-lzaks-hub/providers/Microsoft.Network/networkSecurityGroups/vnet-hub-subnet-vm-nsg-westeurope",
                "location": "westeurope",
                "name": "vnet-hub-subnet-vm-nsg-westeurope",
                "resource_group_name": "rg-lzaks-hub",
                "tags": {
                  "architecture": "Hub\u0026Spoke",
                  "environment": "development",
                  "source": "terraform"
                },
                "type": "Microsoft.Network/networkSecurityGroups"
              },
              {
                "id": "/subscriptions/82f6d75e-85f4-434a-ab74-5dddd9fa8910/resourceGroups/rg-lzaks-spoke-aks-infra/providers/Microsoft.Network/networkSecurityGroups/nsg-vnet-spoke-aks",
                "location": "westeurope",
                "name": "nsg-vnet-spoke-aks",
                "resource_group_name": "rg-lzaks-spoke-aks-infra",
                "tags": {
                  "architecture": "Hub\u0026Spoke",
                  "environment": "development",
                  "source": "terraform"
                },
                "type": "Microsoft.Network/networkSecurityGroups"
              },
              {
                "id": "/subscriptions/82f6d75e-85f4-434a-ab74-5dddd9fa8910/resourceGroups/rg-lzaks-spoke-aks-infra/providers/Microsoft.Network/networkSecurityGroups/vnet-spoke-aks-subnet-apiserver-nsg-westeurope",
                "location": "westeurope",
                "name": "vnet-spoke-aks-subnet-apiserver-nsg-westeurope",
                "resource_group_name": "rg-lzaks-spoke-aks-infra",
                "tags": {
                  "architecture": "Hub\u0026Spoke",
                  "environment": "development",
                  "source": "terraform"
                },
                "type": "Microsoft.Network/networkSecurityGroups"
              },
              {
                "id": "/subscriptions/82f6d75e-85f4-434a-ab74-5dddd9fa8910/resourceGroups/rg-lzaks-spoke-aks-infra/providers/Microsoft.Network/networkSecurityGroups/vnet-spoke-aks-subnet-appgw-nsg-westeurope",
                "location": "westeurope",
                "name": "vnet-spoke-aks-subnet-appgw-nsg-westeurope",
                "resource_group_name": "rg-lzaks-spoke-aks-infra",
                "tags": {
                  "architecture": "Hub\u0026Spoke",
                  "environment": "development",
                  "source": "terraform"
                },
                "type": "Microsoft.Network/networkSecurityGroups"
              },
              {
                "id": "/subscriptions/82f6d75e-85f4-434a-ab74-5dddd9fa8910/resourceGroups/rg-lzaks-spoke-aks-infra/providers/Microsoft.Network/networkSecurityGroups/vnet-spoke-aks-subnet-nodes-nsg-westeurope",
                "location": "westeurope",
                "name": "vnet-spoke-aks-subnet-nodes-nsg-westeurope",
                "resource_group_name": "rg-lzaks-spoke-aks-infra",
                "tags": {
                  "architecture": "Hub\u0026Spoke",
                  "environment": "development",
                  "source": "terraform"
                },
                "type": "Microsoft.Network/networkSecurityGroups"
              },
              {
                "id": "/subscriptions/82f6d75e-85f4-434a-ab74-5dddd9fa8910/resourceGroups/rg-lzaks-spoke-aks-infra/providers/Microsoft.Network/networkSecurityGroups/vnet-spoke-aks-subnet-nodes-poolappsarm-nsg-westeurope",
                "location": "westeurope",
                "name": "vnet-spoke-aks-subnet-nodes-poolappsarm-nsg-westeurope",
                "resource_group_name": "rg-lzaks-spoke-aks-infra",
                "tags": {
                  "architecture": "Hub\u0026Spoke",
                  "environment": "development",
                  "source": "terraform"
                },
                "type": "Microsoft.Network/networkSecurityGroups"
              },
              {
                "id": "/subscriptions/82f6d75e-85f4-434a-ab74-5dddd9fa8910/resourceGroups/rg-lzaks-spoke-aks-infra/providers/Microsoft.Network/networkSecurityGroups/vnet-spoke-aks-subnet-pods-nsg-westeurope",
                "location": "westeurope",
                "name": "vnet-spoke-aks-subnet-pods-nsg-westeurope",
                "resource_group_name": "rg-lzaks-spoke-aks-infra",
                "tags": {
                  "architecture": "Hub\u0026Spoke",
                  "environment": "development",
                  "source": "terraform"
                },
                "type": "Microsoft.Network/networkSecurityGroups"
              },
              {
                "id": "/subscriptions/82f6d75e-85f4-434a-ab74-5dddd9fa8910/resourceGroups/rg-lzaks-spoke-aks-infra/providers/Microsoft.Network/networkSecurityGroups/vnet-spoke-aks-subnet-pods-poolappsarm-nsg-westeurope",
                "location": "westeurope",
                "name": "vnet-spoke-aks-subnet-pods-poolappsarm-nsg-westeurope",
                "resource_group_name": "rg-lzaks-spoke-aks-infra",
                "tags": {
                  "architecture": "Hub\u0026Spoke",
                  "environment": "development",
                  "source": "terraform"
                },
                "type": "Microsoft.Network/networkSecurityGroups"
              },
              {
                "id": "/subscriptions/82f6d75e-85f4-434a-ab74-5dddd9fa8910/resourceGroups/rg-lzaks-spoke-aks-infra/providers/Microsoft.Network/networkSecurityGroups/vnet-spoke-aks-subnet-spoke-aks-pe-nsg-westeurope",
                "location": "westeurope",
                "name": "vnet-spoke-aks-subnet-spoke-aks-pe-nsg-westeurope",
                "resource_group_name": "rg-lzaks-spoke-aks-infra",
                "tags": {
                  "architecture": "Hub\u0026Spoke",
                  "environment": "development",
                  "source": "terraform"
                },
                "type": "Microsoft.Network/networkSecurityGroups"
              },
              {
                "id": "/subscriptions/82f6d75e-85f4-434a-ab74-5dddd9fa8910/resourceGroups/rg-lzaks-spoke-aks-nodes/providers/Microsoft.Network/networkSecurityGroups/aks-agentpool-35064155-nsg",
                "location": "westeurope",
                "name": "aks-agentpool-35064155-nsg",
                "resource_group_name": "rg-lzaks-spoke-aks-nodes",
                "tags": {
                  "architecture": "Hub\u0026Spoke",
                  "environment": "development",
                  "source": "terraform"
                },
                "type": "Microsoft.Network/networkSecurityGroups"
              }
            ],
            "timeouts": null,
            "type": "Microsoft.Network/networkSecurityGroups"
          },
          "sensitive_attributes": []
        },
        {
          "index_key": "Microsoft.Network/publicIPAddresses",
          "schema_version": 0,
          "attributes": {
            "id": "resource-e4faebe2-6fa3-4c3b-8798-7e4ec2a8ca4d",
            "name": null,
            "required_tags": {
              "architecture": "Hub\u0026Spoke",
              "environment": "development",
              "source": "terraform"
            },
            "resource_group_name": null,
            "resources": [
              {
                "id": "/subscriptions/82f6d75e-85f4-434a-ab74-5dddd9fa8910/resourceGroups/rg-lzaks-hub/providers/Microsoft.Network/publicIPAddresses/public-ip-bastion",
                "location": "westeurope",
                "name": "public-ip-bastion",
                "resource_group_name": "rg-lzaks-hub",
                "tags": {
                  "architecture": "Hub\u0026Spoke",
                  "environment": "development",
                  "source": "terraform"
                },
                "type": "Microsoft.Network/publicIPAddresses"
              },
              {
                "id": "/subscriptions/82f6d75e-85f4-434a-ab74-5dddd9fa8910/resourceGroups/rg-lzaks-hub/providers/Microsoft.Network/publicIPAddresses/public-ip-firewall",
                "location": "westeurope",
                "name": "public-ip-firewall",
                "resource_group_name": "rg-lzaks-hub",
                "tags": {
                  "architecture": "Hub\u0026Spoke",
                  "environment": "development",
                  "source": "terraform"
                },
                "type": "Microsoft.Network/publicIPAddresses"
              },
              {
                "id": "/subscriptions/82f6d75e-85f4-434a-ab74-5dddd9fa8910/resourceGroups/rg-lzaks-spoke-aks-infra/providers/Microsoft.Network/publicIPAddresses/public-ip-appgw",
                "location": "westeurope",
                "name": "public-ip-appgw",
                "resource_group_name": "rg-lzaks-spoke-aks-infra",
                "tags": {
                  "architecture": "Hub\u0026Spoke",
                  "environment": "development",
                  "source": "terraform"
                },
                "type": "Microsoft.Network/publicIPAddresses"
              }
            ],
            "timeouts": null,
            "type": "Microsoft.Network/publicIPAddresses"
          },
          "sensitive_attributes": []
        },
        {
          "index_key": "Microsoft.Network/virtualNetworks",
          "schema_version": 0,
          "attributes": {
            "id": "resource-b80796c6-89fd-4383-852b-106476b9bb19",
            "name": null,
            "required_tags": {
              "architecture": "Hub\u0026Spoke",
              "environment": "development",
              "source": "terraform"
            },
            "resource_group_name": null,
            "resources": [
              {
                "id": "/subscriptions/82f6d75e-85f4-434a-ab74-5dddd9fa8910/resourceGroups/rg-lzaks-hub/providers/Microsoft.Network/virtualNetworks/vnet-hub",
                "location": "westeurope",
                "name": "vnet-hub",
                "resource_group_name": "rg-lzaks-hub",
                "tags": {
                  "architecture": "Hub\u0026Spoke",
                  "environment": "development",
                  "source": "terraform"
                },
                "type": "Microsoft.Network/virtualNetworks"
              },
              {
                "id": "/subscriptions/82f6d75e-85f4-434a-ab74-5dddd9fa8910/resourceGroups/rg-lzaks-spoke-aks-infra/providers/Microsoft.Network/virtualNetworks/vnet-spoke-aks",
                "location": "westeurope",
                "name": "vnet-spoke-aks",
                "resource_group_name": "rg-lzaks-spoke-aks-infra",
                "tags": {
                  "architecture": "Hub\u0026Spoke",
                  "environment": "development",
                  "source": "terraform"
                },
                "type": "Microsoft.Network/virtualNetworks"
              }
            ],
            "timeouts": null,
            "type": "Microsoft.Network/virtualNetworks"
          },
          "sensitive_attributes": []
        },
        {
          "index_key": "Microsoft.OperationalInsights/workspaces",
          "schema_version": 0,
          "attributes": {
            "id": "resource-4375c251-0849-4388-a0a6-40f1fbb0301b",
            "name": null,
            "required_tags": {
              "architecture": "Hub\u0026Spoke",
              "environment": "development",
              "source": "terraform"
            },
            "resource_group_name": null,
            "resources": [
              {
                "id": "/subscriptions/82f6d75e-85f4-434a-ab74-5dddd9fa8910/resourceGroups/rg-lzaks-management/providers/Microsoft.OperationalInsights/workspaces/loganalyticsforaks011",
                "location": "westeurope",
                "name": "loganalyticsforaks011",
                "resource_group_name": "rg-lzaks-management",
                "tags": {
                  "architecture": "Hub\u0026Spoke",
                  "environment": "development",
                  "source": "terraform"
                },
                "type": "Microsoft.OperationalInsights/workspaces"
              }
            ],
            "timeouts": null,
            "type": "Microsoft.OperationalInsights/workspaces"
          },
          "sensitive_attributes": []
        },
        {
          "index_key": "Microsoft.Storage/storageAccounts",
          "schema_version": 0,
          "attributes": {
            "id": "resource-97d7341a-d4d6-4df5-96b6-a58d62a47b67",
            "name": null,
            "required_tags": {
              "architecture": "Hub\u0026Spoke",
              "environment": "development",
              "source": "terraform"
            },
            "resource_group_name": null,
            "resources": [
              {
                "id": "/subscriptions/82f6d75e-85f4-434a-ab74-5dddd9fa8910/resourceGroups/NetworkWatcherRG/providers/Microsoft.Storage/storageAccounts/storageforlogs011",
                "location": "westeurope",
                "name": "storageforlogs011",
                "resource_group_name": "NetworkWatcherRG",
                "tags": {
                  "architecture": "Hub\u0026Spoke",
                  "environment": "development",
                  "source": "terraform"
                },
                "type": "Microsoft.Storage/storageAccounts"
              },
              {
                "id": "/subscriptions/82f6d75e-85f4-434a-ab74-5dddd9fa8910/resourceGroups/rg-lzaks-spoke-aks-infra/providers/Microsoft.Storage/storageAccounts/storageforaks01357",
                "location": "westeurope",
                "name": "storageforaks01357",
                "resource_group_name": "rg-lzaks-spoke-aks-infra",
                "tags": {
                  "architecture": "Hub\u0026Spoke",
                  "environment": "development",
                  "source": "terraform"
                },
                "type": "Microsoft.Storage/storageAccounts"
              }
            ],
            "timeouts": null,
            "type": "Microsoft.Storage/storageAccounts"
          },
          "sensitive_attributes": []
        }
      ]
    },
    {
      "mode": "data",
      "type": "azurerm_resources",
      "name": "vnet",
      "provider": "provider[\"registry.terraform.io/hashicorp/azurerm\"]",
      "instances": [
        {
          "schema_version": 0,
          "attributes": {
            "id": "resource-9e31e0c3-96b0-4417-9597-6c303dbe4e7d",
            "name": null,
            "required_tags": {
              "architecture": "Hub\u0026Spoke",
              "environment": "development",
              "source": "terraform"
            },
            "resource_group_name": null,
            "resources": [
              {
                "id": "/subscriptions/82f6d75e-85f4-434a-ab74-5dddd9fa8910/resourceGroups/rg-lzaks-hub/providers/Microsoft.Network/virtualNetworks/vnet-hub",
                "location": "westeurope",
                "name": "vnet-hub",
                "resource_group_name": "rg-lzaks-hub",
                "tags": {
                  "architecture": "Hub\u0026Spoke",
                  "environment": "development",
                  "source": "terraform"
                },
                "type": "Microsoft.Network/virtualNetworks"
              },
              {
                "id": "/subscriptions/82f6d75e-85f4-434a-ab74-5dddd9fa8910/resourceGroups/rg-lzaks-spoke-aks-infra/providers/Microsoft.Network/virtualNetworks/vnet-spoke-aks",
                "location": "westeurope",
                "name": "vnet-spoke-aks",
                "resource_group_name": "rg-lzaks-spoke-aks-infra",
                "tags": {
                  "architecture": "Hub\u0026Spoke",
                  "environment": "development",
                  "source": "terraform"
                },
                "type": "Microsoft.Network/virtualNetworks"
              }
            ],
            "timeouts": null,
            "type": "Microsoft.Network/virtualNetworks"
          },
          "sensitive_attributes": []
        }
      ]
    },
    {
      "mode": "data",
      "type": "azurerm_virtual_network",
      "name": "vnet",
      "provider": "provider[\"registry.terraform.io/hashicorp/azurerm\"]",
      "instances": [
        {
          "index_key": "vnet-hub",
          "schema_version": 0,
          "attributes": {
            "address_space": [
              "172.16.0.0/16"
            ],
            "dns_servers": [],
            "guid": "3173e1a6-049b-4a88-8fee-7b3026223a33",
            "id": "/subscriptions/82f6d75e-85f4-434a-ab74-5dddd9fa8910/resourceGroups/rg-lzaks-hub/providers/Microsoft.Network/virtualNetworks/vnet-hub",
            "location": "westeurope",
            "name": "vnet-hub",
            "resource_group_name": "rg-lzaks-hub",
            "subnets": [
              "subnet-vm",
              "AzureBastionSubnet",
              "AzureFirewallSubnet"
            ],
            "tags": {
              "architecture": "Hub\u0026Spoke",
              "environment": "development",
              "source": "terraform"
            },
            "timeouts": null,
            "vnet_peerings": {
              "vnet_peering_hub_to_vnet-spoke-aks": "/subscriptions/82f6d75e-85f4-434a-ab74-5dddd9fa8910/resourceGroups/rg-lzaks-spoke-aks-infra/providers/Microsoft.Network/virtualNetworks/vnet-spoke-aks"
            },
            "vnet_peerings_addresses": [
              "10.1.0.0/16"
            ]
          },
          "sensitive_attributes": []
        },
        {
          "index_key": "vnet-spoke-aks",
          "schema_version": 0,
          "attributes": {
            "address_space": [
              "10.1.0.0/16"
            ],
            "dns_servers": [
              "172.16.0.4"
            ],
            "guid": "5e6253f2-d676-4b19-99ff-b6d348a6df55",
            "id": "/subscriptions/82f6d75e-85f4-434a-ab74-5dddd9fa8910/resourceGroups/rg-lzaks-spoke-aks-infra/providers/Microsoft.Network/virtualNetworks/vnet-spoke-aks",
            "location": "westeurope",
            "name": "vnet-spoke-aks",
            "resource_group_name": "rg-lzaks-spoke-aks-infra",
            "subnets": [
              "subnet-appgw",
              "subnet-spoke-aks-pe",
              "subnet-nodes",
              "subnet-nodes-poolappsarm",
              "subnet-pods-poolappsarm",
              "subnet-pods",
              "subnet-apiserver"
            ],
            "tags": {
              "architecture": "Hub\u0026Spoke",
              "environment": "development",
              "source": "terraform"
            },
            "timeouts": null,
            "vnet_peerings": {
              "vnet_peering_vnet-spoke-aks_to_hub": "/subscriptions/82f6d75e-85f4-434a-ab74-5dddd9fa8910/resourceGroups/rg-lzaks-hub/providers/Microsoft.Network/virtualNetworks/vnet-hub"
            },
            "vnet_peerings_addresses": [
              "172.16.0.0/16"
            ]
          },
          "sensitive_attributes": []
        }
      ]
    },
    {
      "mode": "data",
      "type": "terraform_remote_state",
      "name": "management",
      "provider": "provider[\"terraform.io/builtin/terraform\"]",
      "instances": [
        {
          "schema_version": 0,
          "attributes": {
            "backend": "local",
            "config": {
              "value": {
                "path": "../01_management/terraform.tfstate"
              },
              "type": [
                "object",
                {
                  "path": "string"
                }
              ]
            },
            "defaults": null,
            "outputs": {
              "value": {
                "log_analytics_workspace": {
                  "id": "/subscriptions/82f6d75e-85f4-434a-ab74-5dddd9fa8910/resourceGroups/rg-lzaks-management/providers/Microsoft.OperationalInsights/workspaces/loganalyticsforaks011",
                  "location": "westeurope",
                  "workspace_id": "196997be-94f0-4286-bcb3-0f5985a334d4"
                }
              },
              "type": [
                "object",
                {
                  "log_analytics_workspace": [
                    "object",
                    {
                      "id": "string",
                      "location": "string",
                      "workspace_id": "string"
                    }
                  ]
                }
              ]
            },
            "workspace": null
          },
          "sensitive_attributes": []
        }
      ]
    },
    {
      "mode": "managed",
      "type": "azurerm_network_security_group",
      "name": "nsg",
      "provider": "provider[\"registry.terraform.io/hashicorp/azurerm\"]",
      "instances": [
        {
          "index_key": "vnet-hub",
          "schema_version": 0,
          "attributes": {
            "id": "/subscriptions/82f6d75e-85f4-434a-ab74-5dddd9fa8910/resourceGroups/rg-lzaks-hub/providers/Microsoft.Network/networkSecurityGroups/nsg-vnet-hub",
            "location": "westeurope",
            "name": "nsg-vnet-hub",
            "resource_group_name": "rg-lzaks-hub",
            "security_rule": [
              {
                "access": "Allow",
                "description": "",
                "destination_address_prefix": "*",
                "destination_address_prefixes": [],
                "destination_application_security_group_ids": [],
                "destination_port_range": "*",
                "destination_port_ranges": [],
                "direction": "Outbound",
                "name": "rule-shared",
                "priority": 100,
                "protocol": "Tcp",
                "source_address_prefix": "*",
                "source_address_prefixes": [],
                "source_application_security_group_ids": [],
                "source_port_range": "*",
                "source_port_ranges": []
              }
            ],
            "tags": {
              "architecture": "Hub\u0026Spoke",
              "environment": "development",
              "source": "terraform"
            },
            "timeouts": null
          },
          "sensitive_attributes": [],
          "private": "eyJlMmJmYjczMC1lY2FhLTExZTYtOGY4OC0zNDM2M2JjN2M0YzAiOnsiY3JlYXRlIjoxODAwMDAwMDAwMDAwLCJkZWxldGUiOjE4MDAwMDAwMDAwMDAsInJlYWQiOjMwMDAwMDAwMDAwMCwidXBkYXRlIjoxODAwMDAwMDAwMDAwfX0=",
          "dependencies": [
            "data.azurerm_resources.vnet"
          ]
        },
        {
          "index_key": "vnet-spoke-aks",
          "schema_version": 0,
          "attributes": {
            "id": "/subscriptions/82f6d75e-85f4-434a-ab74-5dddd9fa8910/resourceGroups/rg-lzaks-spoke-aks-infra/providers/Microsoft.Network/networkSecurityGroups/nsg-vnet-spoke-aks",
            "location": "westeurope",
            "name": "nsg-vnet-spoke-aks",
            "resource_group_name": "rg-lzaks-spoke-aks-infra",
            "security_rule": [
              {
                "access": "Allow",
                "description": "",
                "destination_address_prefix": "*",
                "destination_address_prefixes": [],
                "destination_application_security_group_ids": [],
                "destination_port_range": "*",
                "destination_port_ranges": [],
                "direction": "Outbound",
                "name": "rule-shared",
                "priority": 100,
                "protocol": "Tcp",
                "source_address_prefix": "*",
                "source_address_prefixes": [],
                "source_application_security_group_ids": [],
                "source_port_range": "*",
                "source_port_ranges": []
              }
            ],
            "tags": {
              "architecture": "Hub\u0026Spoke",
              "environment": "development",
              "source": "terraform"
            },
            "timeouts": null
          },
          "sensitive_attributes": [],
          "private": "eyJlMmJmYjczMC1lY2FhLTExZTYtOGY4OC0zNDM2M2JjN2M0YzAiOnsiY3JlYXRlIjoxODAwMDAwMDAwMDAwLCJkZWxldGUiOjE4MDAwMDAwMDAwMDAsInJlYWQiOjMwMDAwMDAwMDAwMCwidXBkYXRlIjoxODAwMDAwMDAwMDAwfX0=",
          "dependencies": [
            "data.azurerm_resources.vnet"
          ]
        }
      ]
    },
    {
      "mode": "managed",
      "type": "azurerm_network_security_rule",
      "name": "rule_shared",
      "provider": "provider[\"registry.terraform.io/hashicorp/azurerm\"]",
      "instances": [
        {
          "index_key": "vnet-hub",
          "schema_version": 0,
          "attributes": {
            "access": "Allow",
            "description": "",
            "destination_address_prefix": "*",
            "destination_address_prefixes": [],
            "destination_application_security_group_ids": [],
            "destination_port_range": "*",
            "destination_port_ranges": [],
            "direction": "Outbound",
            "id": "/subscriptions/82f6d75e-85f4-434a-ab74-5dddd9fa8910/resourceGroups/rg-lzaks-hub/providers/Microsoft.Network/networkSecurityGroups/nsg-vnet-hub/securityRules/rule-shared",
            "name": "rule-shared",
            "network_security_group_name": "nsg-vnet-hub",
            "priority": 100,
            "protocol": "Tcp",
            "resource_group_name": "rg-lzaks-hub",
            "source_address_prefix": "*",
            "source_address_prefixes": [],
            "source_application_security_group_ids": [],
            "source_port_range": "*",
            "source_port_ranges": [],
            "timeouts": null
          },
          "sensitive_attributes": [],
          "private": "eyJlMmJmYjczMC1lY2FhLTExZTYtOGY4OC0zNDM2M2JjN2M0YzAiOnsiY3JlYXRlIjoxODAwMDAwMDAwMDAwLCJkZWxldGUiOjE4MDAwMDAwMDAwMDAsInJlYWQiOjMwMDAwMDAwMDAwMCwidXBkYXRlIjoxODAwMDAwMDAwMDAwfX0=",
          "dependencies": [
            "azurerm_network_security_group.nsg",
            "data.azurerm_resources.vnet"
          ]
        },
        {
          "index_key": "vnet-spoke-aks",
          "schema_version": 0,
          "attributes": {
            "access": "Allow",
            "description": "",
            "destination_address_prefix": "*",
            "destination_address_prefixes": [],
            "destination_application_security_group_ids": [],
            "destination_port_range": "*",
            "destination_port_ranges": [],
            "direction": "Outbound",
            "id": "/subscriptions/82f6d75e-85f4-434a-ab74-5dddd9fa8910/resourceGroups/rg-lzaks-spoke-aks-infra/providers/Microsoft.Network/networkSecurityGroups/nsg-vnet-spoke-aks/securityRules/rule-shared",
            "name": "rule-shared",
            "network_security_group_name": "nsg-vnet-spoke-aks",
            "priority": 100,
            "protocol": "Tcp",
            "resource_group_name": "rg-lzaks-spoke-aks-infra",
            "source_address_prefix": "*",
            "source_address_prefixes": [],
            "source_application_security_group_ids": [],
            "source_port_range": "*",
            "source_port_ranges": [],
            "timeouts": null
          },
          "sensitive_attributes": [],
          "private": "eyJlMmJmYjczMC1lY2FhLTExZTYtOGY4OC0zNDM2M2JjN2M0YzAiOnsiY3JlYXRlIjoxODAwMDAwMDAwMDAwLCJkZWxldGUiOjE4MDAwMDAwMDAwMDAsInJlYWQiOjMwMDAwMDAwMDAwMCwidXBkYXRlIjoxODAwMDAwMDAwMDAwfX0=",
          "dependencies": [
            "azurerm_network_security_group.nsg",
            "data.azurerm_resources.vnet"
          ]
        }
      ]
    },
    {
      "mode": "managed",
      "type": "azurerm_storage_account",
      "name": "network_log_data",
      "provider": "provider[\"registry.terraform.io/hashicorp/azurerm\"]",
      "instances": [
        {
          "index_key": 0,
          "schema_version": 3,
          "attributes": {
            "access_tier": "Hot",
            "account_kind": "StorageV2",
            "account_replication_type": "LRS",
            "account_tier": "Standard",
            "allow_nested_items_to_be_public": true,
            "allowed_copy_scope": "",
            "azure_files_authentication": [],
            "blob_properties": [
              {
                "change_feed_enabled": false,
                "change_feed_retention_in_days": 0,
                "container_delete_retention_policy": [],
                "cors_rule": [],
                "default_service_version": "",
                "delete_retention_policy": [],
                "last_access_time_enabled": false,
                "restore_policy": [],
                "versioning_enabled": false
              }
            ],
            "cross_tenant_replication_enabled": true,
            "custom_domain": [],
            "customer_managed_key": [],
            "default_to_oauth_authentication": false,
            "edge_zone": "",
            "enable_https_traffic_only": true,
            "id": "/subscriptions/82f6d75e-85f4-434a-ab74-5dddd9fa8910/resourceGroups/NetworkWatcherRG/providers/Microsoft.Storage/storageAccounts/storageforlogs011",
            "identity": [],
            "immutability_policy": [],
            "infrastructure_encryption_enabled": false,
            "is_hns_enabled": false,
            "large_file_share_enabled": null,
            "location": "westeurope",
            "min_tls_version": "TLS1_2",
            "name": "storageforlogs011",
            "network_rules": [
              {
                "bypass": [
                  "AzureServices"
                ],
                "default_action": "Allow",
                "ip_rules": [],
                "private_link_access": [],
                "virtual_network_subnet_ids": []
              }
            ],
            "nfsv3_enabled": false,
            "primary_access_key": "niGbK52Jl4NYXofX1pxs5Jldb4Lio+8AS8K7l5bcRcF2snej0OYxrMNFFUnL6OpCo/xAZ30BLPli+AStQgOfgQ==",
            "primary_blob_connection_string": "DefaultEndpointsProtocol=https;BlobEndpoint=https://storageforlogs011.blob.core.windows.net/;AccountName=storageforlogs011;AccountKey=niGbK52Jl4NYXofX1pxs5Jldb4Lio+8AS8K7l5bcRcF2snej0OYxrMNFFUnL6OpCo/xAZ30BLPli+AStQgOfgQ==",
            "primary_blob_endpoint": "https://storageforlogs011.blob.core.windows.net/",
            "primary_blob_host": "storageforlogs011.blob.core.windows.net",
            "primary_connection_string": "DefaultEndpointsProtocol=https;AccountName=storageforlogs011;AccountKey=niGbK52Jl4NYXofX1pxs5Jldb4Lio+8AS8K7l5bcRcF2snej0OYxrMNFFUnL6OpCo/xAZ30BLPli+AStQgOfgQ==;EndpointSuffix=core.windows.net",
            "primary_dfs_endpoint": "https://storageforlogs011.dfs.core.windows.net/",
            "primary_dfs_host": "storageforlogs011.dfs.core.windows.net",
            "primary_file_endpoint": "https://storageforlogs011.file.core.windows.net/",
            "primary_file_host": "storageforlogs011.file.core.windows.net",
            "primary_location": "westeurope",
            "primary_queue_endpoint": "https://storageforlogs011.queue.core.windows.net/",
            "primary_queue_host": "storageforlogs011.queue.core.windows.net",
            "primary_table_endpoint": "https://storageforlogs011.table.core.windows.net/",
            "primary_table_host": "storageforlogs011.table.core.windows.net",
            "primary_web_endpoint": "https://storageforlogs011.z6.web.core.windows.net/",
            "primary_web_host": "storageforlogs011.z6.web.core.windows.net",
            "public_network_access_enabled": true,
            "queue_encryption_key_type": "Service",
            "queue_properties": [
              {
                "cors_rule": [],
                "hour_metrics": [
                  {
                    "enabled": true,
                    "include_apis": true,
                    "retention_policy_days": 7,
                    "version": "1.0"
                  }
                ],
                "logging": [
                  {
                    "delete": false,
                    "read": false,
                    "retention_policy_days": 0,
                    "version": "1.0",
                    "write": false
                  }
                ],
                "minute_metrics": [
                  {
                    "enabled": false,
                    "include_apis": false,
                    "retention_policy_days": 0,
                    "version": "1.0"
                  }
                ]
              }
            ],
            "resource_group_name": "NetworkWatcherRG",
            "routing": [],
            "sas_policy": [],
            "secondary_access_key": "3H4WLgD/dx00C5nxwAm4muctx4BfNNKENOXZFBlIWzAjrVGj8tgxflwALIq+Kof6rNb3SR3CoTU0+AStEfcZCg==",
            "secondary_blob_connection_string": "",
            "secondary_blob_endpoint": null,
            "secondary_blob_host": null,
            "secondary_connection_string": "DefaultEndpointsProtocol=https;AccountName=storageforlogs011;AccountKey=3H4WLgD/dx00C5nxwAm4muctx4BfNNKENOXZFBlIWzAjrVGj8tgxflwALIq+Kof6rNb3SR3CoTU0+AStEfcZCg==;EndpointSuffix=core.windows.net",
            "secondary_dfs_endpoint": null,
            "secondary_dfs_host": null,
            "secondary_file_endpoint": null,
            "secondary_file_host": null,
            "secondary_location": "",
            "secondary_queue_endpoint": null,
            "secondary_queue_host": null,
            "secondary_table_endpoint": null,
            "secondary_table_host": null,
            "secondary_web_endpoint": null,
            "secondary_web_host": null,
            "sftp_enabled": false,
            "share_properties": [
              {
                "cors_rule": [],
                "retention_policy": [
                  {
                    "days": 7
                  }
                ],
                "smb": []
              }
            ],
            "shared_access_key_enabled": true,
            "static_website": [],
            "table_encryption_key_type": "Service",
            "tags": {
              "architecture": "Hub\u0026Spoke",
              "environment": "development",
              "source": "terraform"
            },
            "timeouts": null
          },
          "sensitive_attributes": [],
          "private": "eyJlMmJmYjczMC1lY2FhLTExZTYtOGY4OC0zNDM2M2JjN2M0YzAiOnsiY3JlYXRlIjozNjAwMDAwMDAwMDAwLCJkZWxldGUiOjM2MDAwMDAwMDAwMDAsInJlYWQiOjMwMDAwMDAwMDAwMCwidXBkYXRlIjozNjAwMDAwMDAwMDAwfSwic2NoZW1hX3ZlcnNpb24iOiIzIn0=",
          "dependencies": [
            "data.azurerm_network_watcher.network_watcher_regional"
          ]
        }
      ]
    },
    {
      "module": "module.azurerm_network_watcher_flow_log[\"aks-agentpool-35064155-nsg\"]",
      "mode": "managed",
      "type": "azurerm_network_watcher_flow_log",
      "name": "network_flow_logs",
      "provider": "provider[\"registry.terraform.io/hashicorp/azurerm\"]",
      "instances": [
        {
          "schema_version": 1,
          "attributes": {
            "enabled": true,
            "id": "/subscriptions/82f6d75e-85f4-434a-ab74-5dddd9fa8910/resourceGroups/NetworkWatcherRG/providers/Microsoft.Network/networkWatchers/NetworkWatcher_westeurope/flowLogs/aks-agentpool-35064155-nsg",
            "location": "westeurope",
            "name": "aks-agentpool-35064155-nsg",
            "network_security_group_id": "/subscriptions/82f6d75e-85f4-434a-ab74-5dddd9fa8910/resourceGroups/rg-lzaks-spoke-aks-nodes/providers/Microsoft.Network/networkSecurityGroups/aks-agentpool-35064155-nsg",
            "network_watcher_name": "NetworkWatcher_westeurope",
            "resource_group_name": "NetworkWatcherRG",
            "retention_policy": [
              {
                "days": 7,
                "enabled": true
              }
            ],
            "storage_account_id": "/subscriptions/82f6d75e-85f4-434a-ab74-5dddd9fa8910/resourceGroups/NetworkWatcherRG/providers/Microsoft.Storage/storageAccounts/storageforlogs011",
            "tags": {},
            "timeouts": null,
            "traffic_analytics": [
              {
                "enabled": true,
                "interval_in_minutes": 10,
                "workspace_id": "196997be-94f0-4286-bcb3-0f5985a334d4",
                "workspace_region": "westeurope",
                "workspace_resource_id": "/subscriptions/82f6d75e-85f4-434a-ab74-5dddd9fa8910/resourceGroups/rg-lzaks-management/providers/Microsoft.OperationalInsights/workspaces/loganalyticsforaks011"
              }
            ],
            "version": 2
          },
          "sensitive_attributes": [],
          "private": "eyJlMmJmYjczMC1lY2FhLTExZTYtOGY4OC0zNDM2M2JjN2M0YzAiOnsiY3JlYXRlIjoxODAwMDAwMDAwMDAwLCJkZWxldGUiOjE4MDAwMDAwMDAwMDAsInJlYWQiOjMwMDAwMDAwMDAwMCwidXBkYXRlIjoxODAwMDAwMDAwMDAwfSwic2NoZW1hX3ZlcnNpb24iOiIxIn0=",
          "dependencies": [
            "azurerm_storage_account.network_log_data",
            "data.azurerm_network_watcher.network_watcher_regional",
            "data.azurerm_resources.nsg_flowlogs",
            "data.terraform_remote_state.management"
          ]
        }
      ]
    },
    {
      "module": "module.azurerm_network_watcher_flow_log[\"nsg-vnet-hub\"]",
      "mode": "managed",
      "type": "azurerm_network_watcher_flow_log",
      "name": "network_flow_logs",
      "provider": "provider[\"registry.terraform.io/hashicorp/azurerm\"]",
      "instances": [
        {
          "schema_version": 1,
          "attributes": {
            "enabled": true,
            "id": "/subscriptions/82f6d75e-85f4-434a-ab74-5dddd9fa8910/resourceGroups/NetworkWatcherRG/providers/Microsoft.Network/networkWatchers/NetworkWatcher_westeurope/flowLogs/nsg-vnet-hub",
            "location": "westeurope",
            "name": "nsg-vnet-hub",
            "network_security_group_id": "/subscriptions/82f6d75e-85f4-434a-ab74-5dddd9fa8910/resourceGroups/rg-lzaks-hub/providers/Microsoft.Network/networkSecurityGroups/nsg-vnet-hub",
            "network_watcher_name": "NetworkWatcher_westeurope",
            "resource_group_name": "NetworkWatcherRG",
            "retention_policy": [
              {
                "days": 7,
                "enabled": true
              }
            ],
            "storage_account_id": "/subscriptions/82f6d75e-85f4-434a-ab74-5dddd9fa8910/resourceGroups/NetworkWatcherRG/providers/Microsoft.Storage/storageAccounts/storageforlogs011",
            "tags": null,
            "timeouts": null,
            "traffic_analytics": [
              {
                "enabled": true,
                "interval_in_minutes": 10,
                "workspace_id": "196997be-94f0-4286-bcb3-0f5985a334d4",
                "workspace_region": "westeurope",
                "workspace_resource_id": "/subscriptions/82f6d75e-85f4-434a-ab74-5dddd9fa8910/resourceGroups/rg-lzaks-management/providers/Microsoft.OperationalInsights/workspaces/loganalyticsforaks011"
              }
            ],
            "version": 2
          },
          "sensitive_attributes": [],
          "private": "eyJlMmJmYjczMC1lY2FhLTExZTYtOGY4OC0zNDM2M2JjN2M0YzAiOnsiY3JlYXRlIjoxODAwMDAwMDAwMDAwLCJkZWxldGUiOjE4MDAwMDAwMDAwMDAsInJlYWQiOjMwMDAwMDAwMDAwMCwidXBkYXRlIjoxODAwMDAwMDAwMDAwfSwic2NoZW1hX3ZlcnNpb24iOiIxIn0=",
          "dependencies": [
            "azurerm_storage_account.network_log_data",
            "data.azurerm_network_watcher.network_watcher_regional",
            "data.azurerm_resources.nsg_flowlogs",
            "data.terraform_remote_state.management"
          ]
        }
      ]
    },
    {
      "module": "module.azurerm_network_watcher_flow_log[\"nsg-vnet-spoke-aks\"]",
      "mode": "managed",
      "type": "azurerm_network_watcher_flow_log",
      "name": "network_flow_logs",
      "provider": "provider[\"registry.terraform.io/hashicorp/azurerm\"]",
      "instances": [
        {
          "schema_version": 1,
          "attributes": {
            "enabled": true,
            "id": "/subscriptions/82f6d75e-85f4-434a-ab74-5dddd9fa8910/resourceGroups/NetworkWatcherRG/providers/Microsoft.Network/networkWatchers/NetworkWatcher_westeurope/flowLogs/nsg-vnet-spoke-aks",
            "location": "westeurope",
            "name": "nsg-vnet-spoke-aks",
            "network_security_group_id": "/subscriptions/82f6d75e-85f4-434a-ab74-5dddd9fa8910/resourceGroups/rg-lzaks-spoke-aks-infra/providers/Microsoft.Network/networkSecurityGroups/nsg-vnet-spoke-aks",
            "network_watcher_name": "NetworkWatcher_westeurope",
            "resource_group_name": "NetworkWatcherRG",
            "retention_policy": [
              {
                "days": 7,
                "enabled": true
              }
            ],
            "storage_account_id": "/subscriptions/82f6d75e-85f4-434a-ab74-5dddd9fa8910/resourceGroups/NetworkWatcherRG/providers/Microsoft.Storage/storageAccounts/storageforlogs011",
            "tags": null,
            "timeouts": null,
            "traffic_analytics": [
              {
                "enabled": true,
                "interval_in_minutes": 10,
                "workspace_id": "196997be-94f0-4286-bcb3-0f5985a334d4",
                "workspace_region": "westeurope",
                "workspace_resource_id": "/subscriptions/82f6d75e-85f4-434a-ab74-5dddd9fa8910/resourceGroups/rg-lzaks-management/providers/Microsoft.OperationalInsights/workspaces/loganalyticsforaks011"
              }
            ],
            "version": 2
          },
          "sensitive_attributes": [],
          "private": "eyJlMmJmYjczMC1lY2FhLTExZTYtOGY4OC0zNDM2M2JjN2M0YzAiOnsiY3JlYXRlIjoxODAwMDAwMDAwMDAwLCJkZWxldGUiOjE4MDAwMDAwMDAwMDAsInJlYWQiOjMwMDAwMDAwMDAwMCwidXBkYXRlIjoxODAwMDAwMDAwMDAwfSwic2NoZW1hX3ZlcnNpb24iOiIxIn0=",
          "dependencies": [
            "azurerm_storage_account.network_log_data",
            "data.azurerm_network_watcher.network_watcher_regional",
            "data.azurerm_resources.nsg_flowlogs",
            "data.terraform_remote_state.management"
          ]
        }
      ]
    },
    {
      "module": "module.azurerm_network_watcher_flow_log[\"vnet-hub-AzureBastionSubnet-nsg-westeurope\"]",
      "mode": "managed",
      "type": "azurerm_network_watcher_flow_log",
      "name": "network_flow_logs",
      "provider": "provider[\"registry.terraform.io/hashicorp/azurerm\"]",
      "instances": [
        {
          "schema_version": 1,
          "attributes": {
            "enabled": true,
            "id": "/subscriptions/82f6d75e-85f4-434a-ab74-5dddd9fa8910/resourceGroups/NetworkWatcherRG/providers/Microsoft.Network/networkWatchers/NetworkWatcher_westeurope/flowLogs/vnet-hub-AzureBastionSubnet-nsg-westeurope",
            "location": "westeurope",
            "name": "vnet-hub-AzureBastionSubnet-nsg-westeurope",
            "network_security_group_id": "/subscriptions/82f6d75e-85f4-434a-ab74-5dddd9fa8910/resourceGroups/rg-lzaks-hub/providers/Microsoft.Network/networkSecurityGroups/vnet-hub-AzureBastionSubnet-nsg-westeurope",
            "network_watcher_name": "NetworkWatcher_westeurope",
            "resource_group_name": "NetworkWatcherRG",
            "retention_policy": [
              {
                "days": 7,
                "enabled": true
              }
            ],
            "storage_account_id": "/subscriptions/82f6d75e-85f4-434a-ab74-5dddd9fa8910/resourceGroups/NetworkWatcherRG/providers/Microsoft.Storage/storageAccounts/storageforlogs011",
            "tags": {},
            "timeouts": null,
            "traffic_analytics": [
              {
                "enabled": true,
                "interval_in_minutes": 10,
                "workspace_id": "196997be-94f0-4286-bcb3-0f5985a334d4",
                "workspace_region": "westeurope",
                "workspace_resource_id": "/subscriptions/82f6d75e-85f4-434a-ab74-5dddd9fa8910/resourceGroups/rg-lzaks-management/providers/Microsoft.OperationalInsights/workspaces/loganalyticsforaks011"
              }
            ],
            "version": 2
          },
          "sensitive_attributes": [],
          "private": "eyJlMmJmYjczMC1lY2FhLTExZTYtOGY4OC0zNDM2M2JjN2M0YzAiOnsiY3JlYXRlIjoxODAwMDAwMDAwMDAwLCJkZWxldGUiOjE4MDAwMDAwMDAwMDAsInJlYWQiOjMwMDAwMDAwMDAwMCwidXBkYXRlIjoxODAwMDAwMDAwMDAwfSwic2NoZW1hX3ZlcnNpb24iOiIxIn0=",
          "dependencies": [
            "azurerm_storage_account.network_log_data",
            "data.azurerm_network_watcher.network_watcher_regional",
            "data.azurerm_resources.nsg_flowlogs",
            "data.terraform_remote_state.management"
          ]
        }
      ]
    },
    {
      "module": "module.azurerm_network_watcher_flow_log[\"vnet-hub-subnet-vm-nsg-westeurope\"]",
      "mode": "managed",
      "type": "azurerm_network_watcher_flow_log",
      "name": "network_flow_logs",
      "provider": "provider[\"registry.terraform.io/hashicorp/azurerm\"]",
      "instances": [
        {
          "schema_version": 1,
          "attributes": {
            "enabled": true,
            "id": "/subscriptions/82f6d75e-85f4-434a-ab74-5dddd9fa8910/resourceGroups/NetworkWatcherRG/providers/Microsoft.Network/networkWatchers/NetworkWatcher_westeurope/flowLogs/vnet-hub-subnet-vm-nsg-westeurope",
            "location": "westeurope",
            "name": "vnet-hub-subnet-vm-nsg-westeurope",
            "network_security_group_id": "/subscriptions/82f6d75e-85f4-434a-ab74-5dddd9fa8910/resourceGroups/rg-lzaks-hub/providers/Microsoft.Network/networkSecurityGroups/vnet-hub-subnet-vm-nsg-westeurope",
            "network_watcher_name": "NetworkWatcher_westeurope",
            "resource_group_name": "NetworkWatcherRG",
            "retention_policy": [
              {
                "days": 7,
                "enabled": true
              }
            ],
            "storage_account_id": "/subscriptions/82f6d75e-85f4-434a-ab74-5dddd9fa8910/resourceGroups/NetworkWatcherRG/providers/Microsoft.Storage/storageAccounts/storageforlogs011",
            "tags": {},
            "timeouts": null,
            "traffic_analytics": [
              {
                "enabled": true,
                "interval_in_minutes": 10,
                "workspace_id": "196997be-94f0-4286-bcb3-0f5985a334d4",
                "workspace_region": "westeurope",
                "workspace_resource_id": "/subscriptions/82f6d75e-85f4-434a-ab74-5dddd9fa8910/resourceGroups/rg-lzaks-management/providers/Microsoft.OperationalInsights/workspaces/loganalyticsforaks011"
              }
            ],
            "version": 2
          },
          "sensitive_attributes": [],
          "private": "eyJlMmJmYjczMC1lY2FhLTExZTYtOGY4OC0zNDM2M2JjN2M0YzAiOnsiY3JlYXRlIjoxODAwMDAwMDAwMDAwLCJkZWxldGUiOjE4MDAwMDAwMDAwMDAsInJlYWQiOjMwMDAwMDAwMDAwMCwidXBkYXRlIjoxODAwMDAwMDAwMDAwfSwic2NoZW1hX3ZlcnNpb24iOiIxIn0=",
          "dependencies": [
            "azurerm_storage_account.network_log_data",
            "data.azurerm_network_watcher.network_watcher_regional",
            "data.azurerm_resources.nsg_flowlogs",
            "data.terraform_remote_state.management"
          ]
        }
      ]
    },
    {
      "module": "module.azurerm_network_watcher_flow_log[\"vnet-spoke-aks-subnet-apiserver-nsg-westeurope\"]",
      "mode": "managed",
      "type": "azurerm_network_watcher_flow_log",
      "name": "network_flow_logs",
      "provider": "provider[\"registry.terraform.io/hashicorp/azurerm\"]",
      "instances": [
        {
          "schema_version": 1,
          "attributes": {
            "enabled": true,
            "id": "/subscriptions/82f6d75e-85f4-434a-ab74-5dddd9fa8910/resourceGroups/NetworkWatcherRG/providers/Microsoft.Network/networkWatchers/NetworkWatcher_westeurope/flowLogs/vnet-spoke-aks-subnet-apiserver-nsg-westeurope",
            "location": "westeurope",
            "name": "vnet-spoke-aks-subnet-apiserver-nsg-westeurope",
            "network_security_group_id": "/subscriptions/82f6d75e-85f4-434a-ab74-5dddd9fa8910/resourceGroups/rg-lzaks-spoke-aks-infra/providers/Microsoft.Network/networkSecurityGroups/vnet-spoke-aks-subnet-apiserver-nsg-westeurope",
            "network_watcher_name": "NetworkWatcher_westeurope",
            "resource_group_name": "NetworkWatcherRG",
            "retention_policy": [
              {
                "days": 7,
                "enabled": true
              }
            ],
            "storage_account_id": "/subscriptions/82f6d75e-85f4-434a-ab74-5dddd9fa8910/resourceGroups/NetworkWatcherRG/providers/Microsoft.Storage/storageAccounts/storageforlogs011",
            "tags": {},
            "timeouts": null,
            "traffic_analytics": [
              {
                "enabled": true,
                "interval_in_minutes": 10,
                "workspace_id": "196997be-94f0-4286-bcb3-0f5985a334d4",
                "workspace_region": "westeurope",
                "workspace_resource_id": "/subscriptions/82f6d75e-85f4-434a-ab74-5dddd9fa8910/resourceGroups/rg-lzaks-management/providers/Microsoft.OperationalInsights/workspaces/loganalyticsforaks011"
              }
            ],
            "version": 2
          },
          "sensitive_attributes": [],
          "private": "eyJlMmJmYjczMC1lY2FhLTExZTYtOGY4OC0zNDM2M2JjN2M0YzAiOnsiY3JlYXRlIjoxODAwMDAwMDAwMDAwLCJkZWxldGUiOjE4MDAwMDAwMDAwMDAsInJlYWQiOjMwMDAwMDAwMDAwMCwidXBkYXRlIjoxODAwMDAwMDAwMDAwfSwic2NoZW1hX3ZlcnNpb24iOiIxIn0=",
          "dependencies": [
            "azurerm_storage_account.network_log_data",
            "data.azurerm_network_watcher.network_watcher_regional",
            "data.azurerm_resources.nsg_flowlogs",
            "data.terraform_remote_state.management"
          ]
        }
      ]
    },
    {
      "module": "module.azurerm_network_watcher_flow_log[\"vnet-spoke-aks-subnet-appgw-nsg-westeurope\"]",
      "mode": "managed",
      "type": "azurerm_network_watcher_flow_log",
      "name": "network_flow_logs",
      "provider": "provider[\"registry.terraform.io/hashicorp/azurerm\"]",
      "instances": [
        {
          "schema_version": 1,
          "attributes": {
            "enabled": true,
            "id": "/subscriptions/82f6d75e-85f4-434a-ab74-5dddd9fa8910/resourceGroups/NetworkWatcherRG/providers/Microsoft.Network/networkWatchers/NetworkWatcher_westeurope/flowLogs/vnet-spoke-aks-subnet-appgw-nsg-westeurope",
            "location": "westeurope",
            "name": "vnet-spoke-aks-subnet-appgw-nsg-westeurope",
            "network_security_group_id": "/subscriptions/82f6d75e-85f4-434a-ab74-5dddd9fa8910/resourceGroups/rg-lzaks-spoke-aks-infra/providers/Microsoft.Network/networkSecurityGroups/vnet-spoke-aks-subnet-appgw-nsg-westeurope",
            "network_watcher_name": "NetworkWatcher_westeurope",
            "resource_group_name": "NetworkWatcherRG",
            "retention_policy": [
              {
                "days": 7,
                "enabled": true
              }
            ],
            "storage_account_id": "/subscriptions/82f6d75e-85f4-434a-ab74-5dddd9fa8910/resourceGroups/NetworkWatcherRG/providers/Microsoft.Storage/storageAccounts/storageforlogs011",
            "tags": {},
            "timeouts": null,
            "traffic_analytics": [
              {
                "enabled": true,
                "interval_in_minutes": 10,
                "workspace_id": "196997be-94f0-4286-bcb3-0f5985a334d4",
                "workspace_region": "westeurope",
                "workspace_resource_id": "/subscriptions/82f6d75e-85f4-434a-ab74-5dddd9fa8910/resourceGroups/rg-lzaks-management/providers/Microsoft.OperationalInsights/workspaces/loganalyticsforaks011"
              }
            ],
            "version": 2
          },
          "sensitive_attributes": [],
          "private": "eyJlMmJmYjczMC1lY2FhLTExZTYtOGY4OC0zNDM2M2JjN2M0YzAiOnsiY3JlYXRlIjoxODAwMDAwMDAwMDAwLCJkZWxldGUiOjE4MDAwMDAwMDAwMDAsInJlYWQiOjMwMDAwMDAwMDAwMCwidXBkYXRlIjoxODAwMDAwMDAwMDAwfSwic2NoZW1hX3ZlcnNpb24iOiIxIn0=",
          "dependencies": [
            "azurerm_storage_account.network_log_data",
            "data.azurerm_network_watcher.network_watcher_regional",
            "data.azurerm_resources.nsg_flowlogs",
            "data.terraform_remote_state.management"
          ]
        }
      ]
    },
    {
      "module": "module.azurerm_network_watcher_flow_log[\"vnet-spoke-aks-subnet-nodes-nsg-westeurope\"]",
      "mode": "managed",
      "type": "azurerm_network_watcher_flow_log",
      "name": "network_flow_logs",
      "provider": "provider[\"registry.terraform.io/hashicorp/azurerm\"]",
      "instances": [
        {
          "schema_version": 1,
          "attributes": {
            "enabled": true,
            "id": "/subscriptions/82f6d75e-85f4-434a-ab74-5dddd9fa8910/resourceGroups/NetworkWatcherRG/providers/Microsoft.Network/networkWatchers/NetworkWatcher_westeurope/flowLogs/vnet-spoke-aks-subnet-nodes-nsg-westeurope",
            "location": "westeurope",
            "name": "vnet-spoke-aks-subnet-nodes-nsg-westeurope",
            "network_security_group_id": "/subscriptions/82f6d75e-85f4-434a-ab74-5dddd9fa8910/resourceGroups/rg-lzaks-spoke-aks-infra/providers/Microsoft.Network/networkSecurityGroups/vnet-spoke-aks-subnet-nodes-nsg-westeurope",
            "network_watcher_name": "NetworkWatcher_westeurope",
            "resource_group_name": "NetworkWatcherRG",
            "retention_policy": [
              {
                "days": 7,
                "enabled": true
              }
            ],
            "storage_account_id": "/subscriptions/82f6d75e-85f4-434a-ab74-5dddd9fa8910/resourceGroups/NetworkWatcherRG/providers/Microsoft.Storage/storageAccounts/storageforlogs011",
            "tags": {},
            "timeouts": null,
            "traffic_analytics": [
              {
                "enabled": true,
                "interval_in_minutes": 10,
                "workspace_id": "196997be-94f0-4286-bcb3-0f5985a334d4",
                "workspace_region": "westeurope",
                "workspace_resource_id": "/subscriptions/82f6d75e-85f4-434a-ab74-5dddd9fa8910/resourceGroups/rg-lzaks-management/providers/Microsoft.OperationalInsights/workspaces/loganalyticsforaks011"
              }
            ],
            "version": 2
          },
          "sensitive_attributes": [],
          "private": "eyJlMmJmYjczMC1lY2FhLTExZTYtOGY4OC0zNDM2M2JjN2M0YzAiOnsiY3JlYXRlIjoxODAwMDAwMDAwMDAwLCJkZWxldGUiOjE4MDAwMDAwMDAwMDAsInJlYWQiOjMwMDAwMDAwMDAwMCwidXBkYXRlIjoxODAwMDAwMDAwMDAwfSwic2NoZW1hX3ZlcnNpb24iOiIxIn0=",
          "dependencies": [
            "azurerm_storage_account.network_log_data",
            "data.azurerm_network_watcher.network_watcher_regional",
            "data.azurerm_resources.nsg_flowlogs",
            "data.terraform_remote_state.management"
          ]
        }
      ]
    },
    {
      "module": "module.azurerm_network_watcher_flow_log[\"vnet-spoke-aks-subnet-nodes-poolappsarm-nsg-westeurope\"]",
      "mode": "managed",
      "type": "azurerm_network_watcher_flow_log",
      "name": "network_flow_logs",
      "provider": "provider[\"registry.terraform.io/hashicorp/azurerm\"]",
      "instances": [
        {
          "schema_version": 1,
          "attributes": {
            "enabled": true,
            "id": "/subscriptions/82f6d75e-85f4-434a-ab74-5dddd9fa8910/resourceGroups/NetworkWatcherRG/providers/Microsoft.Network/networkWatchers/NetworkWatcher_westeurope/flowLogs/vnet-spoke-aks-subnet-nodes-poolappsarm-nsg-westeurope",
            "location": "westeurope",
            "name": "vnet-spoke-aks-subnet-nodes-poolappsarm-nsg-westeurope",
            "network_security_group_id": "/subscriptions/82f6d75e-85f4-434a-ab74-5dddd9fa8910/resourceGroups/rg-lzaks-spoke-aks-infra/providers/Microsoft.Network/networkSecurityGroups/vnet-spoke-aks-subnet-nodes-poolappsarm-nsg-westeurope",
            "network_watcher_name": "NetworkWatcher_westeurope",
            "resource_group_name": "NetworkWatcherRG",
            "retention_policy": [
              {
                "days": 7,
                "enabled": true
              }
            ],
            "storage_account_id": "/subscriptions/82f6d75e-85f4-434a-ab74-5dddd9fa8910/resourceGroups/NetworkWatcherRG/providers/Microsoft.Storage/storageAccounts/storageforlogs011",
            "tags": {},
            "timeouts": null,
            "traffic_analytics": [
              {
                "enabled": true,
                "interval_in_minutes": 10,
                "workspace_id": "196997be-94f0-4286-bcb3-0f5985a334d4",
                "workspace_region": "westeurope",
                "workspace_resource_id": "/subscriptions/82f6d75e-85f4-434a-ab74-5dddd9fa8910/resourceGroups/rg-lzaks-management/providers/Microsoft.OperationalInsights/workspaces/loganalyticsforaks011"
              }
            ],
            "version": 2
          },
          "sensitive_attributes": [],
          "private": "eyJlMmJmYjczMC1lY2FhLTExZTYtOGY4OC0zNDM2M2JjN2M0YzAiOnsiY3JlYXRlIjoxODAwMDAwMDAwMDAwLCJkZWxldGUiOjE4MDAwMDAwMDAwMDAsInJlYWQiOjMwMDAwMDAwMDAwMCwidXBkYXRlIjoxODAwMDAwMDAwMDAwfSwic2NoZW1hX3ZlcnNpb24iOiIxIn0=",
          "dependencies": [
            "azurerm_storage_account.network_log_data",
            "data.azurerm_network_watcher.network_watcher_regional",
            "data.azurerm_resources.nsg_flowlogs",
            "data.terraform_remote_state.management"
          ]
        }
      ]
    },
    {
      "module": "module.azurerm_network_watcher_flow_log[\"vnet-spoke-aks-subnet-pods-nsg-westeurope\"]",
      "mode": "managed",
      "type": "azurerm_network_watcher_flow_log",
      "name": "network_flow_logs",
      "provider": "provider[\"registry.terraform.io/hashicorp/azurerm\"]",
      "instances": [
        {
          "schema_version": 1,
          "attributes": {
            "enabled": true,
            "id": "/subscriptions/82f6d75e-85f4-434a-ab74-5dddd9fa8910/resourceGroups/NetworkWatcherRG/providers/Microsoft.Network/networkWatchers/NetworkWatcher_westeurope/flowLogs/vnet-spoke-aks-subnet-pods-nsg-westeurope",
            "location": "westeurope",
            "name": "vnet-spoke-aks-subnet-pods-nsg-westeurope",
            "network_security_group_id": "/subscriptions/82f6d75e-85f4-434a-ab74-5dddd9fa8910/resourceGroups/rg-lzaks-spoke-aks-infra/providers/Microsoft.Network/networkSecurityGroups/vnet-spoke-aks-subnet-pods-nsg-westeurope",
            "network_watcher_name": "NetworkWatcher_westeurope",
            "resource_group_name": "NetworkWatcherRG",
            "retention_policy": [
              {
                "days": 7,
                "enabled": true
              }
            ],
            "storage_account_id": "/subscriptions/82f6d75e-85f4-434a-ab74-5dddd9fa8910/resourceGroups/NetworkWatcherRG/providers/Microsoft.Storage/storageAccounts/storageforlogs011",
            "tags": {},
            "timeouts": null,
            "traffic_analytics": [
              {
                "enabled": true,
                "interval_in_minutes": 10,
                "workspace_id": "196997be-94f0-4286-bcb3-0f5985a334d4",
                "workspace_region": "westeurope",
                "workspace_resource_id": "/subscriptions/82f6d75e-85f4-434a-ab74-5dddd9fa8910/resourceGroups/rg-lzaks-management/providers/Microsoft.OperationalInsights/workspaces/loganalyticsforaks011"
              }
            ],
            "version": 2
          },
          "sensitive_attributes": [],
          "private": "eyJlMmJmYjczMC1lY2FhLTExZTYtOGY4OC0zNDM2M2JjN2M0YzAiOnsiY3JlYXRlIjoxODAwMDAwMDAwMDAwLCJkZWxldGUiOjE4MDAwMDAwMDAwMDAsInJlYWQiOjMwMDAwMDAwMDAwMCwidXBkYXRlIjoxODAwMDAwMDAwMDAwfSwic2NoZW1hX3ZlcnNpb24iOiIxIn0=",
          "dependencies": [
            "azurerm_storage_account.network_log_data",
            "data.azurerm_network_watcher.network_watcher_regional",
            "data.azurerm_resources.nsg_flowlogs",
            "data.terraform_remote_state.management"
          ]
        }
      ]
    },
    {
      "module": "module.azurerm_network_watcher_flow_log[\"vnet-spoke-aks-subnet-pods-poolappsarm-nsg-westeurope\"]",
      "mode": "managed",
      "type": "azurerm_network_watcher_flow_log",
      "name": "network_flow_logs",
      "provider": "provider[\"registry.terraform.io/hashicorp/azurerm\"]",
      "instances": [
        {
          "schema_version": 1,
          "attributes": {
            "enabled": true,
            "id": "/subscriptions/82f6d75e-85f4-434a-ab74-5dddd9fa8910/resourceGroups/NetworkWatcherRG/providers/Microsoft.Network/networkWatchers/NetworkWatcher_westeurope/flowLogs/vnet-spoke-aks-subnet-pods-poolappsarm-nsg-westeurope",
            "location": "westeurope",
            "name": "vnet-spoke-aks-subnet-pods-poolappsarm-nsg-westeurope",
            "network_security_group_id": "/subscriptions/82f6d75e-85f4-434a-ab74-5dddd9fa8910/resourceGroups/rg-lzaks-spoke-aks-infra/providers/Microsoft.Network/networkSecurityGroups/vnet-spoke-aks-subnet-pods-poolappsarm-nsg-westeurope",
            "network_watcher_name": "NetworkWatcher_westeurope",
            "resource_group_name": "NetworkWatcherRG",
            "retention_policy": [
              {
                "days": 7,
                "enabled": true
              }
            ],
            "storage_account_id": "/subscriptions/82f6d75e-85f4-434a-ab74-5dddd9fa8910/resourceGroups/NetworkWatcherRG/providers/Microsoft.Storage/storageAccounts/storageforlogs011",
            "tags": {},
            "timeouts": null,
            "traffic_analytics": [
              {
                "enabled": true,
                "interval_in_minutes": 10,
                "workspace_id": "196997be-94f0-4286-bcb3-0f5985a334d4",
                "workspace_region": "westeurope",
                "workspace_resource_id": "/subscriptions/82f6d75e-85f4-434a-ab74-5dddd9fa8910/resourceGroups/rg-lzaks-management/providers/Microsoft.OperationalInsights/workspaces/loganalyticsforaks011"
              }
            ],
            "version": 2
          },
          "sensitive_attributes": [],
          "private": "eyJlMmJmYjczMC1lY2FhLTExZTYtOGY4OC0zNDM2M2JjN2M0YzAiOnsiY3JlYXRlIjoxODAwMDAwMDAwMDAwLCJkZWxldGUiOjE4MDAwMDAwMDAwMDAsInJlYWQiOjMwMDAwMDAwMDAwMCwidXBkYXRlIjoxODAwMDAwMDAwMDAwfSwic2NoZW1hX3ZlcnNpb24iOiIxIn0=",
          "dependencies": [
            "azurerm_storage_account.network_log_data",
            "data.azurerm_network_watcher.network_watcher_regional",
            "data.azurerm_resources.nsg_flowlogs",
            "data.terraform_remote_state.management"
          ]
        }
      ]
    },
    {
      "module": "module.azurerm_network_watcher_flow_log[\"vnet-spoke-aks-subnet-spoke-aks-pe-nsg-westeurope\"]",
      "mode": "managed",
      "type": "azurerm_network_watcher_flow_log",
      "name": "network_flow_logs",
      "provider": "provider[\"registry.terraform.io/hashicorp/azurerm\"]",
      "instances": [
        {
          "schema_version": 1,
          "attributes": {
            "enabled": true,
            "id": "/subscriptions/82f6d75e-85f4-434a-ab74-5dddd9fa8910/resourceGroups/NetworkWatcherRG/providers/Microsoft.Network/networkWatchers/NetworkWatcher_westeurope/flowLogs/vnet-spoke-aks-subnet-spoke-aks-pe-nsg-westeurope",
            "location": "westeurope",
            "name": "vnet-spoke-aks-subnet-spoke-aks-pe-nsg-westeurope",
            "network_security_group_id": "/subscriptions/82f6d75e-85f4-434a-ab74-5dddd9fa8910/resourceGroups/rg-lzaks-spoke-aks-infra/providers/Microsoft.Network/networkSecurityGroups/vnet-spoke-aks-subnet-spoke-aks-pe-nsg-westeurope",
            "network_watcher_name": "NetworkWatcher_westeurope",
            "resource_group_name": "NetworkWatcherRG",
            "retention_policy": [
              {
                "days": 7,
                "enabled": true
              }
            ],
            "storage_account_id": "/subscriptions/82f6d75e-85f4-434a-ab74-5dddd9fa8910/resourceGroups/NetworkWatcherRG/providers/Microsoft.Storage/storageAccounts/storageforlogs011",
            "tags": {},
            "timeouts": null,
            "traffic_analytics": [
              {
                "enabled": true,
                "interval_in_minutes": 10,
                "workspace_id": "196997be-94f0-4286-bcb3-0f5985a334d4",
                "workspace_region": "westeurope",
                "workspace_resource_id": "/subscriptions/82f6d75e-85f4-434a-ab74-5dddd9fa8910/resourceGroups/rg-lzaks-management/providers/Microsoft.OperationalInsights/workspaces/loganalyticsforaks011"
              }
            ],
            "version": 2
          },
          "sensitive_attributes": [],
          "private": "eyJlMmJmYjczMC1lY2FhLTExZTYtOGY4OC0zNDM2M2JjN2M0YzAiOnsiY3JlYXRlIjoxODAwMDAwMDAwMDAwLCJkZWxldGUiOjE4MDAwMDAwMDAwMDAsInJlYWQiOjMwMDAwMDAwMDAwMCwidXBkYXRlIjoxODAwMDAwMDAwMDAwfSwic2NoZW1hX3ZlcnNpb24iOiIxIn0=",
          "dependencies": [
            "azurerm_storage_account.network_log_data",
            "data.azurerm_network_watcher.network_watcher_regional",
            "data.azurerm_resources.nsg_flowlogs",
            "data.terraform_remote_state.management"
          ]
        }
      ]
    },
    {
      "module": "module.diagnostic_setting[\"/subscriptions/82f6d75e-85f4-434a-ab74-5dddd9fa8910/resourceGroups/NetworkWatcherRG/providers/Microsoft.Storage/storageAccounts/storageforlogs011\"]",
      "mode": "data",
      "type": "azurerm_monitor_diagnostic_categories",
      "name": "categories",
      "provider": "provider[\"registry.terraform.io/hashicorp/azurerm\"]",
      "instances": [
        {
          "schema_version": 0,
          "attributes": {
            "id": "/subscriptions/82f6d75e-85f4-434a-ab74-5dddd9fa8910/resourceGroups/NetworkWatcherRG/providers/Microsoft.Storage/storageAccounts/storageforlogs011",
            "log_category_groups": [],
            "log_category_types": [],
            "logs": [],
            "metrics": [
              "Capacity",
              "Transaction"
            ],
            "resource_id": "/subscriptions/82f6d75e-85f4-434a-ab74-5dddd9fa8910/resourceGroups/NetworkWatcherRG/providers/Microsoft.Storage/storageAccounts/storageforlogs011",
            "timeouts": null
          },
          "sensitive_attributes": []
        }
      ]
    },
    {
      "module": "module.diagnostic_setting[\"/subscriptions/82f6d75e-85f4-434a-ab74-5dddd9fa8910/resourceGroups/rg-lzaks-hub-vm-linux/providers/Microsoft.Compute/virtualMachines/vm-jumpbox-linux\"]",
      "mode": "data",
      "type": "azurerm_monitor_diagnostic_categories",
      "name": "categories",
      "provider": "provider[\"registry.terraform.io/hashicorp/azurerm\"]",
      "instances": [
        {
          "schema_version": 0,
          "attributes": {
            "id": "/subscriptions/82f6d75e-85f4-434a-ab74-5dddd9fa8910/resourceGroups/rg-lzaks-hub-vm-linux/providers/Microsoft.Compute/virtualMachines/vm-jumpbox-linux",
            "log_category_groups": [],
            "log_category_types": [],
            "logs": [],
            "metrics": [
              "AllMetrics"
            ],
            "resource_id": "/subscriptions/82f6d75e-85f4-434a-ab74-5dddd9fa8910/resourceGroups/rg-lzaks-hub-vm-linux/providers/Microsoft.Compute/virtualMachines/vm-jumpbox-linux",
            "timeouts": null
          },
          "sensitive_attributes": []
        }
      ]
    },
    {
      "module": "module.diagnostic_setting[\"/subscriptions/82f6d75e-85f4-434a-ab74-5dddd9fa8910/resourceGroups/rg-lzaks-hub-vm-linux/providers/Microsoft.Compute/virtualMachines/vm-jumpbox-linux\"]",
      "mode": "managed",
      "type": "azurerm_monitor_diagnostic_setting",
      "name": "diagnostic_settings",
      "provider": "provider[\"registry.terraform.io/hashicorp/azurerm\"]",
      "instances": [
        {
          "schema_version": 0,
          "attributes": {
            "enabled_log": [],
            "eventhub_authorization_rule_id": "",
            "eventhub_name": "",
            "id": "/subscriptions/82f6d75e-85f4-434a-ab74-5dddd9fa8910/resourceGroups/rg-lzaks-hub-vm-linux/providers/Microsoft.Compute/virtualMachines/vm-jumpbox-linux|diagnostic-settings",
            "log": [],
            "log_analytics_destination_type": "",
            "log_analytics_workspace_id": "/subscriptions/82f6d75e-85f4-434a-ab74-5dddd9fa8910/resourceGroups/rg-lzaks-management/providers/Microsoft.OperationalInsights/workspaces/loganalyticsforaks011",
            "metric": [
              {
                "category": "AllMetrics",
                "enabled": true,
                "retention_policy": [
                  {
                    "days": 7,
                    "enabled": true
                  }
                ]
              }
            ],
            "name": "diagnostic-settings",
            "partner_solution_id": null,
            "storage_account_id": null,
            "target_resource_id": "/subscriptions/82f6d75e-85f4-434a-ab74-5dddd9fa8910/resourceGroups/rg-lzaks-hub-vm-linux/providers/Microsoft.Compute/virtualMachines/vm-jumpbox-linux",
            "timeouts": null
          },
          "sensitive_attributes": [],
          "private": "eyJlMmJmYjczMC1lY2FhLTExZTYtOGY4OC0zNDM2M2JjN2M0YzAiOnsiY3JlYXRlIjoxODAwMDAwMDAwMDAwLCJkZWxldGUiOjM2MDAwMDAwMDAwMDAsInJlYWQiOjMwMDAwMDAwMDAwMCwidXBkYXRlIjoxODAwMDAwMDAwMDAwfX0=",
          "dependencies": [
            "data.azurerm_resources.resources_ds",
            "data.terraform_remote_state.management",
            "module.diagnostic_setting.data.azurerm_monitor_diagnostic_categories.categories"
          ]
        }
      ]
    },
    {
      "module": "module.diagnostic_setting[\"/subscriptions/82f6d75e-85f4-434a-ab74-5dddd9fa8910/resourceGroups/rg-lzaks-hub-vm-linux/providers/Microsoft.Network/networkInterfaces/nic-vm\"]",
      "mode": "data",
      "type": "azurerm_monitor_diagnostic_categories",
      "name": "categories",
      "provider": "provider[\"registry.terraform.io/hashicorp/azurerm\"]",
      "instances": [
        {
          "schema_version": 0,
          "attributes": {
            "id": "/subscriptions/82f6d75e-85f4-434a-ab74-5dddd9fa8910/resourceGroups/rg-lzaks-hub-vm-linux/providers/Microsoft.Network/networkInterfaces/nic-vm",
            "log_category_groups": [],
            "log_category_types": [],
            "logs": [],
            "metrics": [
              "AllMetrics"
            ],
            "resource_id": "/subscriptions/82f6d75e-85f4-434a-ab74-5dddd9fa8910/resourceGroups/rg-lzaks-hub-vm-linux/providers/Microsoft.Network/networkInterfaces/nic-vm",
            "timeouts": null
          },
          "sensitive_attributes": []
        }
      ]
    },
    {
      "module": "module.diagnostic_setting[\"/subscriptions/82f6d75e-85f4-434a-ab74-5dddd9fa8910/resourceGroups/rg-lzaks-hub-vm-linux/providers/Microsoft.Network/networkInterfaces/nic-vm\"]",
      "mode": "managed",
      "type": "azurerm_monitor_diagnostic_setting",
      "name": "diagnostic_settings",
      "provider": "provider[\"registry.terraform.io/hashicorp/azurerm\"]",
      "instances": [
        {
          "schema_version": 0,
          "attributes": {
            "enabled_log": [],
            "eventhub_authorization_rule_id": "",
            "eventhub_name": "",
            "id": "/subscriptions/82f6d75e-85f4-434a-ab74-5dddd9fa8910/resourceGroups/rg-lzaks-hub-vm-linux/providers/Microsoft.Network/networkInterfaces/nic-vm|diagnostic-settings",
            "log": [],
            "log_analytics_destination_type": "",
            "log_analytics_workspace_id": "/subscriptions/82f6d75e-85f4-434a-ab74-5dddd9fa8910/resourceGroups/rg-lzaks-management/providers/Microsoft.OperationalInsights/workspaces/loganalyticsforaks011",
            "metric": [
              {
                "category": "AllMetrics",
                "enabled": true,
                "retention_policy": [
                  {
                    "days": 7,
                    "enabled": true
                  }
                ]
              }
            ],
            "name": "diagnostic-settings",
            "partner_solution_id": null,
            "storage_account_id": null,
            "target_resource_id": "/subscriptions/82f6d75e-85f4-434a-ab74-5dddd9fa8910/resourceGroups/rg-lzaks-hub-vm-linux/providers/Microsoft.Network/networkInterfaces/nic-vm",
            "timeouts": null
          },
          "sensitive_attributes": [],
          "private": "eyJlMmJmYjczMC1lY2FhLTExZTYtOGY4OC0zNDM2M2JjN2M0YzAiOnsiY3JlYXRlIjoxODAwMDAwMDAwMDAwLCJkZWxldGUiOjM2MDAwMDAwMDAwMDAsInJlYWQiOjMwMDAwMDAwMDAwMCwidXBkYXRlIjoxODAwMDAwMDAwMDAwfX0=",
          "dependencies": [
            "data.azurerm_resources.resources_ds",
            "data.terraform_remote_state.management",
            "module.diagnostic_setting.data.azurerm_monitor_diagnostic_categories.categories"
          ]
        }
      ]
    },
    {
      "module": "module.diagnostic_setting[\"/subscriptions/82f6d75e-85f4-434a-ab74-5dddd9fa8910/resourceGroups/rg-lzaks-hub/providers/Microsoft.Network/azureFirewalls/firewall-hub\"]",
      "mode": "data",
      "type": "azurerm_monitor_diagnostic_categories",
      "name": "categories",
      "provider": "provider[\"registry.terraform.io/hashicorp/azurerm\"]",
      "instances": [
        {
          "schema_version": 0,
          "attributes": {
            "id": "/subscriptions/82f6d75e-85f4-434a-ab74-5dddd9fa8910/resourceGroups/rg-lzaks-hub/providers/Microsoft.Network/azureFirewalls/firewall-hub",
            "log_category_groups": [
              "allLogs"
            ],
            "log_category_types": [
              "AZFWApplicationRule",
              "AZFWApplicationRuleAggregation",
              "AZFWDnsQuery",
              "AZFWFatFlow",
              "AZFWFlowTrace",
              "AZFWFqdnResolveFailure",
              "AZFWIdpsSignature",
              "AZFWNatRule",
              "AZFWNatRuleAggregation",
              "AZFWNetworkRule",
              "AZFWNetworkRuleAggregation",
              "AZFWThreatIntel",
              "AzureFirewallApplicationRule",
              "AzureFirewallDnsProxy",
              "AzureFirewallNetworkRule"
            ],
            "logs": [
              "AZFWApplicationRule",
              "AZFWApplicationRuleAggregation",
              "AZFWDnsQuery",
              "AZFWFatFlow",
              "AZFWFlowTrace",
              "AZFWFqdnResolveFailure",
              "AZFWIdpsSignature",
              "AZFWNatRule",
              "AZFWNatRuleAggregation",
              "AZFWNetworkRule",
              "AZFWNetworkRuleAggregation",
              "AZFWThreatIntel",
              "AzureFirewallApplicationRule",
              "AzureFirewallDnsProxy",
              "AzureFirewallNetworkRule"
            ],
            "metrics": [
              "AllMetrics"
            ],
            "resource_id": "/subscriptions/82f6d75e-85f4-434a-ab74-5dddd9fa8910/resourceGroups/rg-lzaks-hub/providers/Microsoft.Network/azureFirewalls/firewall-hub",
            "timeouts": null
          },
          "sensitive_attributes": []
        }
      ]
    },
    {
      "module": "module.diagnostic_setting[\"/subscriptions/82f6d75e-85f4-434a-ab74-5dddd9fa8910/resourceGroups/rg-lzaks-hub/providers/Microsoft.Network/azureFirewalls/firewall-hub\"]",
      "mode": "managed",
      "type": "azurerm_monitor_diagnostic_setting",
      "name": "diagnostic_settings",
      "provider": "provider[\"registry.terraform.io/hashicorp/azurerm\"]",
      "instances": [
        {
          "schema_version": 0,
          "attributes": {
            "enabled_log": [
              {
                "category": "AZFWApplicationRule",
                "category_group": "",
                "retention_policy": [
                  {
                    "days": 7,
                    "enabled": true
                  }
                ]
              },
              {
                "category": "AZFWApplicationRuleAggregation",
                "category_group": "",
                "retention_policy": [
                  {
                    "days": 7,
                    "enabled": true
                  }
                ]
              },
              {
                "category": "AZFWDnsQuery",
                "category_group": "",
                "retention_policy": [
                  {
                    "days": 7,
                    "enabled": true
                  }
                ]
              },
              {
                "category": "AZFWFatFlow",
                "category_group": "",
                "retention_policy": [
                  {
                    "days": 7,
                    "enabled": true
                  }
                ]
              },
              {
                "category": "AZFWFlowTrace",
                "category_group": "",
                "retention_policy": [
                  {
                    "days": 7,
                    "enabled": true
                  }
                ]
              },
              {
                "category": "AZFWFqdnResolveFailure",
                "category_group": "",
                "retention_policy": [
                  {
                    "days": 7,
                    "enabled": true
                  }
                ]
              },
              {
                "category": "AZFWIdpsSignature",
                "category_group": "",
                "retention_policy": [
                  {
                    "days": 7,
                    "enabled": true
                  }
                ]
              },
              {
                "category": "AZFWNatRule",
                "category_group": "",
                "retention_policy": [
                  {
                    "days": 7,
                    "enabled": true
                  }
                ]
              },
              {
                "category": "AZFWNatRuleAggregation",
                "category_group": "",
                "retention_policy": [
                  {
                    "days": 7,
                    "enabled": true
                  }
                ]
              },
              {
                "category": "AZFWNetworkRule",
                "category_group": "",
                "retention_policy": [
                  {
                    "days": 7,
                    "enabled": true
                  }
                ]
              },
              {
                "category": "AZFWNetworkRuleAggregation",
                "category_group": "",
                "retention_policy": [
                  {
                    "days": 7,
                    "enabled": true
                  }
                ]
              },
              {
                "category": "AZFWThreatIntel",
                "category_group": "",
                "retention_policy": [
                  {
                    "days": 7,
                    "enabled": true
                  }
                ]
              },
              {
                "category": "AzureFirewallApplicationRule",
                "category_group": "",
                "retention_policy": [
                  {
                    "days": 7,
                    "enabled": true
                  }
                ]
              },
              {
                "category": "AzureFirewallDnsProxy",
                "category_group": "",
                "retention_policy": [
                  {
                    "days": 7,
                    "enabled": true
                  }
                ]
              },
              {
                "category": "AzureFirewallNetworkRule",
                "category_group": "",
                "retention_policy": [
                  {
                    "days": 7,
                    "enabled": true
                  }
                ]
              }
            ],
            "eventhub_authorization_rule_id": "",
            "eventhub_name": "",
            "id": "/subscriptions/82f6d75e-85f4-434a-ab74-5dddd9fa8910/resourceGroups/rg-lzaks-hub/providers/Microsoft.Network/azureFirewalls/firewall-hub|diagnostic-settings",
            "log": [
              {
                "category": "AZFWApplicationRule",
                "category_group": "",
                "enabled": true,
                "retention_policy": [
                  {
                    "days": 7,
                    "enabled": true
                  }
                ]
              },
              {
                "category": "AZFWApplicationRuleAggregation",
                "category_group": "",
                "enabled": true,
                "retention_policy": [
                  {
                    "days": 7,
                    "enabled": true
                  }
                ]
              },
              {
                "category": "AZFWDnsQuery",
                "category_group": "",
                "enabled": true,
                "retention_policy": [
                  {
                    "days": 7,
                    "enabled": true
                  }
                ]
              },
              {
                "category": "AZFWFatFlow",
                "category_group": "",
                "enabled": true,
                "retention_policy": [
                  {
                    "days": 7,
                    "enabled": true
                  }
                ]
              },
              {
                "category": "AZFWFlowTrace",
                "category_group": "",
                "enabled": true,
                "retention_policy": [
                  {
                    "days": 7,
                    "enabled": true
                  }
                ]
              },
              {
                "category": "AZFWFqdnResolveFailure",
                "category_group": "",
                "enabled": true,
                "retention_policy": [
                  {
                    "days": 7,
                    "enabled": true
                  }
                ]
              },
              {
                "category": "AZFWIdpsSignature",
                "category_group": "",
                "enabled": true,
                "retention_policy": [
                  {
                    "days": 7,
                    "enabled": true
                  }
                ]
              },
              {
                "category": "AZFWNatRule",
                "category_group": "",
                "enabled": true,
                "retention_policy": [
                  {
                    "days": 7,
                    "enabled": true
                  }
                ]
              },
              {
                "category": "AZFWNatRuleAggregation",
                "category_group": "",
                "enabled": true,
                "retention_policy": [
                  {
                    "days": 7,
                    "enabled": true
                  }
                ]
              },
              {
                "category": "AZFWNetworkRule",
                "category_group": "",
                "enabled": true,
                "retention_policy": [
                  {
                    "days": 7,
                    "enabled": true
                  }
                ]
              },
              {
                "category": "AZFWNetworkRuleAggregation",
                "category_group": "",
                "enabled": true,
                "retention_policy": [
                  {
                    "days": 7,
                    "enabled": true
                  }
                ]
              },
              {
                "category": "AZFWThreatIntel",
                "category_group": "",
                "enabled": true,
                "retention_policy": [
                  {
                    "days": 7,
                    "enabled": true
                  }
                ]
              },
              {
                "category": "AzureFirewallApplicationRule",
                "category_group": "",
                "enabled": true,
                "retention_policy": [
                  {
                    "days": 7,
                    "enabled": true
                  }
                ]
              },
              {
                "category": "AzureFirewallDnsProxy",
                "category_group": "",
                "enabled": true,
                "retention_policy": [
                  {
                    "days": 7,
                    "enabled": true
                  }
                ]
              },
              {
                "category": "AzureFirewallNetworkRule",
                "category_group": "",
                "enabled": true,
                "retention_policy": [
                  {
                    "days": 7,
                    "enabled": true
                  }
                ]
              }
            ],
            "log_analytics_destination_type": "AzureDiagnostics",
            "log_analytics_workspace_id": "/subscriptions/82f6d75e-85f4-434a-ab74-5dddd9fa8910/resourceGroups/rg-lzaks-management/providers/Microsoft.OperationalInsights/workspaces/loganalyticsforaks011",
            "metric": [
              {
                "category": "AllMetrics",
                "enabled": true,
                "retention_policy": [
                  {
                    "days": 7,
                    "enabled": true
                  }
                ]
              }
            ],
            "name": "diagnostic-settings",
            "partner_solution_id": null,
            "storage_account_id": null,
            "target_resource_id": "/subscriptions/82f6d75e-85f4-434a-ab74-5dddd9fa8910/resourceGroups/rg-lzaks-hub/providers/Microsoft.Network/azureFirewalls/firewall-hub",
            "timeouts": null
          },
          "sensitive_attributes": [],
          "private": "eyJlMmJmYjczMC1lY2FhLTExZTYtOGY4OC0zNDM2M2JjN2M0YzAiOnsiY3JlYXRlIjoxODAwMDAwMDAwMDAwLCJkZWxldGUiOjM2MDAwMDAwMDAwMDAsInJlYWQiOjMwMDAwMDAwMDAwMCwidXBkYXRlIjoxODAwMDAwMDAwMDAwfX0=",
          "dependencies": [
            "data.azurerm_resources.resources_ds",
            "data.terraform_remote_state.management",
            "module.diagnostic_setting.data.azurerm_monitor_diagnostic_categories.categories"
          ]
        }
      ]
    },
    {
      "module": "module.diagnostic_setting[\"/subscriptions/82f6d75e-85f4-434a-ab74-5dddd9fa8910/resourceGroups/rg-lzaks-hub/providers/Microsoft.Network/bastionHosts/bastion-host\"]",
      "mode": "data",
      "type": "azurerm_monitor_diagnostic_categories",
      "name": "categories",
      "provider": "provider[\"registry.terraform.io/hashicorp/azurerm\"]",
      "instances": [
        {
          "schema_version": 0,
          "attributes": {
            "id": "/subscriptions/82f6d75e-85f4-434a-ab74-5dddd9fa8910/resourceGroups/rg-lzaks-hub/providers/Microsoft.Network/bastionHosts/bastion-host",
            "log_category_groups": [
              "allLogs"
            ],
            "log_category_types": [
              "BastionAuditLogs"
            ],
            "logs": [
              "BastionAuditLogs"
            ],
            "metrics": [
              "AllMetrics"
            ],
            "resource_id": "/subscriptions/82f6d75e-85f4-434a-ab74-5dddd9fa8910/resourceGroups/rg-lzaks-hub/providers/Microsoft.Network/bastionHosts/bastion-host",
            "timeouts": null
          },
          "sensitive_attributes": []
        }
      ]
    },
    {
      "module": "module.diagnostic_setting[\"/subscriptions/82f6d75e-85f4-434a-ab74-5dddd9fa8910/resourceGroups/rg-lzaks-hub/providers/Microsoft.Network/bastionHosts/bastion-host\"]",
      "mode": "managed",
      "type": "azurerm_monitor_diagnostic_setting",
      "name": "diagnostic_settings",
      "provider": "provider[\"registry.terraform.io/hashicorp/azurerm\"]",
      "instances": [
        {
          "schema_version": 0,
          "attributes": {
            "enabled_log": [
              {
                "category": "BastionAuditLogs",
                "category_group": "",
                "retention_policy": [
                  {
                    "days": 7,
                    "enabled": true
                  }
                ]
              }
            ],
            "eventhub_authorization_rule_id": "",
            "eventhub_name": "",
            "id": "/subscriptions/82f6d75e-85f4-434a-ab74-5dddd9fa8910/resourceGroups/rg-lzaks-hub/providers/Microsoft.Network/bastionHosts/bastion-host|diagnostic-settings",
            "log": [
              {
                "category": "BastionAuditLogs",
                "category_group": "",
                "enabled": true,
                "retention_policy": [
                  {
                    "days": 7,
                    "enabled": true
                  }
                ]
              }
            ],
            "log_analytics_destination_type": "",
            "log_analytics_workspace_id": "/subscriptions/82f6d75e-85f4-434a-ab74-5dddd9fa8910/resourceGroups/rg-lzaks-management/providers/Microsoft.OperationalInsights/workspaces/loganalyticsforaks011",
            "metric": [
              {
                "category": "AllMetrics",
                "enabled": true,
                "retention_policy": [
                  {
                    "days": 7,
                    "enabled": true
                  }
                ]
              }
            ],
            "name": "diagnostic-settings",
            "partner_solution_id": null,
            "storage_account_id": null,
            "target_resource_id": "/subscriptions/82f6d75e-85f4-434a-ab74-5dddd9fa8910/resourceGroups/rg-lzaks-hub/providers/Microsoft.Network/bastionHosts/bastion-host",
            "timeouts": null
          },
          "sensitive_attributes": [],
          "private": "eyJlMmJmYjczMC1lY2FhLTExZTYtOGY4OC0zNDM2M2JjN2M0YzAiOnsiY3JlYXRlIjoxODAwMDAwMDAwMDAwLCJkZWxldGUiOjM2MDAwMDAwMDAwMDAsInJlYWQiOjMwMDAwMDAwMDAwMCwidXBkYXRlIjoxODAwMDAwMDAwMDAwfX0=",
          "dependencies": [
            "data.azurerm_resources.resources_ds",
            "data.terraform_remote_state.management",
            "module.diagnostic_setting.data.azurerm_monitor_diagnostic_categories.categories"
          ]
        }
      ]
    },
    {
      "module": "module.diagnostic_setting[\"/subscriptions/82f6d75e-85f4-434a-ab74-5dddd9fa8910/resourceGroups/rg-lzaks-hub/providers/Microsoft.Network/networkSecurityGroups/nsg-vnet-hub\"]",
      "mode": "data",
      "type": "azurerm_monitor_diagnostic_categories",
      "name": "categories",
      "provider": "provider[\"registry.terraform.io/hashicorp/azurerm\"]",
      "instances": [
        {
          "schema_version": 0,
          "attributes": {
            "id": "/subscriptions/82f6d75e-85f4-434a-ab74-5dddd9fa8910/resourceGroups/rg-lzaks-hub/providers/Microsoft.Network/networkSecurityGroups/nsg-vnet-hub",
            "log_category_groups": [
              "allLogs"
            ],
            "log_category_types": [
              "NetworkSecurityGroupEvent",
              "NetworkSecurityGroupRuleCounter"
            ],
            "logs": [
              "NetworkSecurityGroupEvent",
              "NetworkSecurityGroupRuleCounter"
            ],
            "metrics": [],
            "resource_id": "/subscriptions/82f6d75e-85f4-434a-ab74-5dddd9fa8910/resourceGroups/rg-lzaks-hub/providers/Microsoft.Network/networkSecurityGroups/nsg-vnet-hub",
            "timeouts": null
          },
          "sensitive_attributes": []
        }
      ]
    },
    {
      "module": "module.diagnostic_setting[\"/subscriptions/82f6d75e-85f4-434a-ab74-5dddd9fa8910/resourceGroups/rg-lzaks-hub/providers/Microsoft.Network/networkSecurityGroups/nsg-vnet-hub\"]",
      "mode": "managed",
      "type": "azurerm_monitor_diagnostic_setting",
      "name": "diagnostic_settings",
      "provider": "provider[\"registry.terraform.io/hashicorp/azurerm\"]",
      "instances": [
        {
          "schema_version": 0,
          "attributes": {
            "enabled_log": [
              {
                "category": "NetworkSecurityGroupEvent",
                "category_group": "",
                "retention_policy": [
                  {
                    "days": 7,
                    "enabled": true
                  }
                ]
              },
              {
                "category": "NetworkSecurityGroupRuleCounter",
                "category_group": "",
                "retention_policy": [
                  {
                    "days": 7,
                    "enabled": true
                  }
                ]
              }
            ],
            "eventhub_authorization_rule_id": "",
            "eventhub_name": "",
            "id": "/subscriptions/82f6d75e-85f4-434a-ab74-5dddd9fa8910/resourceGroups/rg-lzaks-hub/providers/Microsoft.Network/networkSecurityGroups/nsg-vnet-hub|diagnostic-settings",
            "log": [
              {
                "category": "NetworkSecurityGroupEvent",
                "category_group": "",
                "enabled": true,
                "retention_policy": [
                  {
                    "days": 7,
                    "enabled": true
                  }
                ]
              },
              {
                "category": "NetworkSecurityGroupRuleCounter",
                "category_group": "",
                "enabled": true,
                "retention_policy": [
                  {
                    "days": 7,
                    "enabled": true
                  }
                ]
              }
            ],
            "log_analytics_destination_type": "",
            "log_analytics_workspace_id": "/subscriptions/82f6d75e-85f4-434a-ab74-5dddd9fa8910/resourceGroups/rg-lzaks-management/providers/Microsoft.OperationalInsights/workspaces/loganalyticsforaks011",
            "metric": [],
            "name": "diagnostic-settings",
            "partner_solution_id": null,
            "storage_account_id": null,
            "target_resource_id": "/subscriptions/82f6d75e-85f4-434a-ab74-5dddd9fa8910/resourceGroups/rg-lzaks-hub/providers/Microsoft.Network/networkSecurityGroups/nsg-vnet-hub",
            "timeouts": null
          },
          "sensitive_attributes": [],
          "private": "eyJlMmJmYjczMC1lY2FhLTExZTYtOGY4OC0zNDM2M2JjN2M0YzAiOnsiY3JlYXRlIjoxODAwMDAwMDAwMDAwLCJkZWxldGUiOjM2MDAwMDAwMDAwMDAsInJlYWQiOjMwMDAwMDAwMDAwMCwidXBkYXRlIjoxODAwMDAwMDAwMDAwfX0=",
          "dependencies": [
            "data.azurerm_resources.resources_ds",
            "data.terraform_remote_state.management",
            "module.diagnostic_setting.data.azurerm_monitor_diagnostic_categories.categories"
          ]
        }
      ]
    },
    {
      "module": "module.diagnostic_setting[\"/subscriptions/82f6d75e-85f4-434a-ab74-5dddd9fa8910/resourceGroups/rg-lzaks-hub/providers/Microsoft.Network/networkSecurityGroups/vnet-hub-AzureBastionSubnet-nsg-westeurope\"]",
      "mode": "data",
      "type": "azurerm_monitor_diagnostic_categories",
      "name": "categories",
      "provider": "provider[\"registry.terraform.io/hashicorp/azurerm\"]",
      "instances": [
        {
          "schema_version": 0,
          "attributes": {
            "id": "/subscriptions/82f6d75e-85f4-434a-ab74-5dddd9fa8910/resourceGroups/rg-lzaks-hub/providers/Microsoft.Network/networkSecurityGroups/vnet-hub-AzureBastionSubnet-nsg-westeurope",
            "log_category_groups": [
              "allLogs"
            ],
            "log_category_types": [
              "NetworkSecurityGroupEvent",
              "NetworkSecurityGroupRuleCounter"
            ],
            "logs": [
              "NetworkSecurityGroupEvent",
              "NetworkSecurityGroupRuleCounter"
            ],
            "metrics": [],
            "resource_id": "/subscriptions/82f6d75e-85f4-434a-ab74-5dddd9fa8910/resourceGroups/rg-lzaks-hub/providers/Microsoft.Network/networkSecurityGroups/vnet-hub-AzureBastionSubnet-nsg-westeurope",
            "timeouts": null
          },
          "sensitive_attributes": []
        }
      ]
    },
    {
      "module": "module.diagnostic_setting[\"/subscriptions/82f6d75e-85f4-434a-ab74-5dddd9fa8910/resourceGroups/rg-lzaks-hub/providers/Microsoft.Network/networkSecurityGroups/vnet-hub-AzureBastionSubnet-nsg-westeurope\"]",
      "mode": "managed",
      "type": "azurerm_monitor_diagnostic_setting",
      "name": "diagnostic_settings",
      "provider": "provider[\"registry.terraform.io/hashicorp/azurerm\"]",
      "instances": [
        {
          "schema_version": 0,
          "attributes": {
            "enabled_log": [
              {
                "category": "NetworkSecurityGroupEvent",
                "category_group": "",
                "retention_policy": [
                  {
                    "days": 7,
                    "enabled": true
                  }
                ]
              },
              {
                "category": "NetworkSecurityGroupRuleCounter",
                "category_group": "",
                "retention_policy": [
                  {
                    "days": 7,
                    "enabled": true
                  }
                ]
              }
            ],
            "eventhub_authorization_rule_id": "",
            "eventhub_name": "",
            "id": "/subscriptions/82f6d75e-85f4-434a-ab74-5dddd9fa8910/resourceGroups/rg-lzaks-hub/providers/Microsoft.Network/networkSecurityGroups/vnet-hub-AzureBastionSubnet-nsg-westeurope|diagnostic-settings",
            "log": [
              {
                "category": "NetworkSecurityGroupEvent",
                "category_group": "",
                "enabled": true,
                "retention_policy": [
                  {
                    "days": 7,
                    "enabled": true
                  }
                ]
              },
              {
                "category": "NetworkSecurityGroupRuleCounter",
                "category_group": "",
                "enabled": true,
                "retention_policy": [
                  {
                    "days": 7,
                    "enabled": true
                  }
                ]
              }
            ],
            "log_analytics_destination_type": "",
            "log_analytics_workspace_id": "/subscriptions/82f6d75e-85f4-434a-ab74-5dddd9fa8910/resourceGroups/rg-lzaks-management/providers/Microsoft.OperationalInsights/workspaces/loganalyticsforaks011",
            "metric": [],
            "name": "diagnostic-settings",
            "partner_solution_id": null,
            "storage_account_id": null,
            "target_resource_id": "/subscriptions/82f6d75e-85f4-434a-ab74-5dddd9fa8910/resourceGroups/rg-lzaks-hub/providers/Microsoft.Network/networkSecurityGroups/vnet-hub-AzureBastionSubnet-nsg-westeurope",
            "timeouts": null
          },
          "sensitive_attributes": [],
          "private": "eyJlMmJmYjczMC1lY2FhLTExZTYtOGY4OC0zNDM2M2JjN2M0YzAiOnsiY3JlYXRlIjoxODAwMDAwMDAwMDAwLCJkZWxldGUiOjM2MDAwMDAwMDAwMDAsInJlYWQiOjMwMDAwMDAwMDAwMCwidXBkYXRlIjoxODAwMDAwMDAwMDAwfX0=",
          "dependencies": [
            "data.azurerm_resources.resources_ds",
            "data.terraform_remote_state.management",
            "module.diagnostic_setting.data.azurerm_monitor_diagnostic_categories.categories"
          ]
        }
      ]
    },
    {
      "module": "module.diagnostic_setting[\"/subscriptions/82f6d75e-85f4-434a-ab74-5dddd9fa8910/resourceGroups/rg-lzaks-hub/providers/Microsoft.Network/networkSecurityGroups/vnet-hub-subnet-vm-nsg-westeurope\"]",
      "mode": "data",
      "type": "azurerm_monitor_diagnostic_categories",
      "name": "categories",
      "provider": "provider[\"registry.terraform.io/hashicorp/azurerm\"]",
      "instances": [
        {
          "schema_version": 0,
          "attributes": {
            "id": "/subscriptions/82f6d75e-85f4-434a-ab74-5dddd9fa8910/resourceGroups/rg-lzaks-hub/providers/Microsoft.Network/networkSecurityGroups/vnet-hub-subnet-vm-nsg-westeurope",
            "log_category_groups": [
              "allLogs"
            ],
            "log_category_types": [
              "NetworkSecurityGroupEvent",
              "NetworkSecurityGroupRuleCounter"
            ],
            "logs": [
              "NetworkSecurityGroupEvent",
              "NetworkSecurityGroupRuleCounter"
            ],
            "metrics": [],
            "resource_id": "/subscriptions/82f6d75e-85f4-434a-ab74-5dddd9fa8910/resourceGroups/rg-lzaks-hub/providers/Microsoft.Network/networkSecurityGroups/vnet-hub-subnet-vm-nsg-westeurope",
            "timeouts": null
          },
          "sensitive_attributes": []
        }
      ]
    },
    {
      "module": "module.diagnostic_setting[\"/subscriptions/82f6d75e-85f4-434a-ab74-5dddd9fa8910/resourceGroups/rg-lzaks-hub/providers/Microsoft.Network/networkSecurityGroups/vnet-hub-subnet-vm-nsg-westeurope\"]",
      "mode": "managed",
      "type": "azurerm_monitor_diagnostic_setting",
      "name": "diagnostic_settings",
      "provider": "provider[\"registry.terraform.io/hashicorp/azurerm\"]",
      "instances": [
        {
          "schema_version": 0,
          "attributes": {
            "enabled_log": [
              {
                "category": "NetworkSecurityGroupEvent",
                "category_group": "",
                "retention_policy": [
                  {
                    "days": 7,
                    "enabled": true
                  }
                ]
              },
              {
                "category": "NetworkSecurityGroupRuleCounter",
                "category_group": "",
                "retention_policy": [
                  {
                    "days": 7,
                    "enabled": true
                  }
                ]
              }
            ],
            "eventhub_authorization_rule_id": "",
            "eventhub_name": "",
            "id": "/subscriptions/82f6d75e-85f4-434a-ab74-5dddd9fa8910/resourceGroups/rg-lzaks-hub/providers/Microsoft.Network/networkSecurityGroups/vnet-hub-subnet-vm-nsg-westeurope|diagnostic-settings",
            "log": [
              {
                "category": "NetworkSecurityGroupEvent",
                "category_group": "",
                "enabled": true,
                "retention_policy": [
                  {
                    "days": 7,
                    "enabled": true
                  }
                ]
              },
              {
                "category": "NetworkSecurityGroupRuleCounter",
                "category_group": "",
                "enabled": true,
                "retention_policy": [
                  {
                    "days": 7,
                    "enabled": true
                  }
                ]
              }
            ],
            "log_analytics_destination_type": "",
            "log_analytics_workspace_id": "/subscriptions/82f6d75e-85f4-434a-ab74-5dddd9fa8910/resourceGroups/rg-lzaks-management/providers/Microsoft.OperationalInsights/workspaces/loganalyticsforaks011",
            "metric": [],
            "name": "diagnostic-settings",
            "partner_solution_id": null,
            "storage_account_id": null,
            "target_resource_id": "/subscriptions/82f6d75e-85f4-434a-ab74-5dddd9fa8910/resourceGroups/rg-lzaks-hub/providers/Microsoft.Network/networkSecurityGroups/vnet-hub-subnet-vm-nsg-westeurope",
            "timeouts": null
          },
          "sensitive_attributes": [],
          "private": "eyJlMmJmYjczMC1lY2FhLTExZTYtOGY4OC0zNDM2M2JjN2M0YzAiOnsiY3JlYXRlIjoxODAwMDAwMDAwMDAwLCJkZWxldGUiOjM2MDAwMDAwMDAwMDAsInJlYWQiOjMwMDAwMDAwMDAwMCwidXBkYXRlIjoxODAwMDAwMDAwMDAwfX0=",
          "dependencies": [
            "data.azurerm_resources.resources_ds",
            "data.terraform_remote_state.management",
            "module.diagnostic_setting.data.azurerm_monitor_diagnostic_categories.categories"
          ]
        }
      ]
    },
    {
      "module": "module.diagnostic_setting[\"/subscriptions/82f6d75e-85f4-434a-ab74-5dddd9fa8910/resourceGroups/rg-lzaks-hub/providers/Microsoft.Network/publicIPAddresses/public-ip-bastion\"]",
      "mode": "data",
      "type": "azurerm_monitor_diagnostic_categories",
      "name": "categories",
      "provider": "provider[\"registry.terraform.io/hashicorp/azurerm\"]",
      "instances": [
        {
          "schema_version": 0,
          "attributes": {
            "id": "/subscriptions/82f6d75e-85f4-434a-ab74-5dddd9fa8910/resourceGroups/rg-lzaks-hub/providers/Microsoft.Network/publicIPAddresses/public-ip-bastion",
            "log_category_groups": [
              "allLogs",
              "audit"
            ],
            "log_category_types": [
              "DDoSMitigationFlowLogs",
              "DDoSMitigationReports",
              "DDoSProtectionNotifications"
            ],
            "logs": [
              "DDoSMitigationFlowLogs",
              "DDoSMitigationReports",
              "DDoSProtectionNotifications"
            ],
            "metrics": [
              "AllMetrics"
            ],
            "resource_id": "/subscriptions/82f6d75e-85f4-434a-ab74-5dddd9fa8910/resourceGroups/rg-lzaks-hub/providers/Microsoft.Network/publicIPAddresses/public-ip-bastion",
            "timeouts": null
          },
          "sensitive_attributes": []
        }
      ]
    },
    {
      "module": "module.diagnostic_setting[\"/subscriptions/82f6d75e-85f4-434a-ab74-5dddd9fa8910/resourceGroups/rg-lzaks-hub/providers/Microsoft.Network/publicIPAddresses/public-ip-bastion\"]",
      "mode": "managed",
      "type": "azurerm_monitor_diagnostic_setting",
      "name": "diagnostic_settings",
      "provider": "provider[\"registry.terraform.io/hashicorp/azurerm\"]",
      "instances": [
        {
          "schema_version": 0,
          "attributes": {
            "enabled_log": [
              {
                "category": "DDoSMitigationFlowLogs",
                "category_group": "",
                "retention_policy": [
                  {
                    "days": 7,
                    "enabled": true
                  }
                ]
              },
              {
                "category": "DDoSMitigationReports",
                "category_group": "",
                "retention_policy": [
                  {
                    "days": 7,
                    "enabled": true
                  }
                ]
              },
              {
                "category": "DDoSProtectionNotifications",
                "category_group": "",
                "retention_policy": [
                  {
                    "days": 7,
                    "enabled": true
                  }
                ]
              }
            ],
            "eventhub_authorization_rule_id": "",
            "eventhub_name": "",
            "id": "/subscriptions/82f6d75e-85f4-434a-ab74-5dddd9fa8910/resourceGroups/rg-lzaks-hub/providers/Microsoft.Network/publicIPAddresses/public-ip-bastion|diagnostic-settings",
            "log": [
              {
                "category": "DDoSMitigationFlowLogs",
                "category_group": "",
                "enabled": true,
                "retention_policy": [
                  {
                    "days": 7,
                    "enabled": true
                  }
                ]
              },
              {
                "category": "DDoSMitigationReports",
                "category_group": "",
                "enabled": true,
                "retention_policy": [
                  {
                    "days": 7,
                    "enabled": true
                  }
                ]
              },
              {
                "category": "DDoSProtectionNotifications",
                "category_group": "",
                "enabled": true,
                "retention_policy": [
                  {
                    "days": 7,
                    "enabled": true
                  }
                ]
              }
            ],
            "log_analytics_destination_type": "",
            "log_analytics_workspace_id": "/subscriptions/82f6d75e-85f4-434a-ab74-5dddd9fa8910/resourceGroups/rg-lzaks-management/providers/Microsoft.OperationalInsights/workspaces/loganalyticsforaks011",
            "metric": [
              {
                "category": "AllMetrics",
                "enabled": true,
                "retention_policy": [
                  {
                    "days": 7,
                    "enabled": true
                  }
                ]
              }
            ],
            "name": "diagnostic-settings",
            "partner_solution_id": null,
            "storage_account_id": null,
            "target_resource_id": "/subscriptions/82f6d75e-85f4-434a-ab74-5dddd9fa8910/resourceGroups/rg-lzaks-hub/providers/Microsoft.Network/publicIPAddresses/public-ip-bastion",
            "timeouts": null
          },
          "sensitive_attributes": [],
          "private": "eyJlMmJmYjczMC1lY2FhLTExZTYtOGY4OC0zNDM2M2JjN2M0YzAiOnsiY3JlYXRlIjoxODAwMDAwMDAwMDAwLCJkZWxldGUiOjM2MDAwMDAwMDAwMDAsInJlYWQiOjMwMDAwMDAwMDAwMCwidXBkYXRlIjoxODAwMDAwMDAwMDAwfX0=",
          "dependencies": [
            "data.azurerm_resources.resources_ds",
            "data.terraform_remote_state.management",
            "module.diagnostic_setting.data.azurerm_monitor_diagnostic_categories.categories"
          ]
        }
      ]
    },
    {
      "module": "module.diagnostic_setting[\"/subscriptions/82f6d75e-85f4-434a-ab74-5dddd9fa8910/resourceGroups/rg-lzaks-hub/providers/Microsoft.Network/publicIPAddresses/public-ip-firewall\"]",
      "mode": "data",
      "type": "azurerm_monitor_diagnostic_categories",
      "name": "categories",
      "provider": "provider[\"registry.terraform.io/hashicorp/azurerm\"]",
      "instances": [
        {
          "schema_version": 0,
          "attributes": {
            "id": "/subscriptions/82f6d75e-85f4-434a-ab74-5dddd9fa8910/resourceGroups/rg-lzaks-hub/providers/Microsoft.Network/publicIPAddresses/public-ip-firewall",
            "log_category_groups": [
              "allLogs",
              "audit"
            ],
            "log_category_types": [
              "DDoSMitigationFlowLogs",
              "DDoSMitigationReports",
              "DDoSProtectionNotifications"
            ],
            "logs": [
              "DDoSMitigationFlowLogs",
              "DDoSMitigationReports",
              "DDoSProtectionNotifications"
            ],
            "metrics": [
              "AllMetrics"
            ],
            "resource_id": "/subscriptions/82f6d75e-85f4-434a-ab74-5dddd9fa8910/resourceGroups/rg-lzaks-hub/providers/Microsoft.Network/publicIPAddresses/public-ip-firewall",
            "timeouts": null
          },
          "sensitive_attributes": []
        }
      ]
    },
    {
      "module": "module.diagnostic_setting[\"/subscriptions/82f6d75e-85f4-434a-ab74-5dddd9fa8910/resourceGroups/rg-lzaks-hub/providers/Microsoft.Network/publicIPAddresses/public-ip-firewall\"]",
      "mode": "managed",
      "type": "azurerm_monitor_diagnostic_setting",
      "name": "diagnostic_settings",
      "provider": "provider[\"registry.terraform.io/hashicorp/azurerm\"]",
      "instances": [
        {
          "schema_version": 0,
          "attributes": {
            "enabled_log": [
              {
                "category": "DDoSMitigationFlowLogs",
                "category_group": "",
                "retention_policy": [
                  {
                    "days": 7,
                    "enabled": true
                  }
                ]
              },
              {
                "category": "DDoSMitigationReports",
                "category_group": "",
                "retention_policy": [
                  {
                    "days": 7,
                    "enabled": true
                  }
                ]
              },
              {
                "category": "DDoSProtectionNotifications",
                "category_group": "",
                "retention_policy": [
                  {
                    "days": 7,
                    "enabled": true
                  }
                ]
              }
            ],
            "eventhub_authorization_rule_id": "",
            "eventhub_name": "",
            "id": "/subscriptions/82f6d75e-85f4-434a-ab74-5dddd9fa8910/resourceGroups/rg-lzaks-hub/providers/Microsoft.Network/publicIPAddresses/public-ip-firewall|diagnostic-settings",
            "log": [
              {
                "category": "DDoSMitigationFlowLogs",
                "category_group": "",
                "enabled": true,
                "retention_policy": [
                  {
                    "days": 7,
                    "enabled": true
                  }
                ]
              },
              {
                "category": "DDoSMitigationReports",
                "category_group": "",
                "enabled": true,
                "retention_policy": [
                  {
                    "days": 7,
                    "enabled": true
                  }
                ]
              },
              {
                "category": "DDoSProtectionNotifications",
                "category_group": "",
                "enabled": true,
                "retention_policy": [
                  {
                    "days": 7,
                    "enabled": true
                  }
                ]
              }
            ],
            "log_analytics_destination_type": "",
            "log_analytics_workspace_id": "/subscriptions/82f6d75e-85f4-434a-ab74-5dddd9fa8910/resourceGroups/rg-lzaks-management/providers/Microsoft.OperationalInsights/workspaces/loganalyticsforaks011",
            "metric": [
              {
                "category": "AllMetrics",
                "enabled": true,
                "retention_policy": [
                  {
                    "days": 7,
                    "enabled": true
                  }
                ]
              }
            ],
            "name": "diagnostic-settings",
            "partner_solution_id": null,
            "storage_account_id": null,
            "target_resource_id": "/subscriptions/82f6d75e-85f4-434a-ab74-5dddd9fa8910/resourceGroups/rg-lzaks-hub/providers/Microsoft.Network/publicIPAddresses/public-ip-firewall",
            "timeouts": null
          },
          "sensitive_attributes": [],
          "private": "eyJlMmJmYjczMC1lY2FhLTExZTYtOGY4OC0zNDM2M2JjN2M0YzAiOnsiY3JlYXRlIjoxODAwMDAwMDAwMDAwLCJkZWxldGUiOjM2MDAwMDAwMDAwMDAsInJlYWQiOjMwMDAwMDAwMDAwMCwidXBkYXRlIjoxODAwMDAwMDAwMDAwfX0=",
          "dependencies": [
            "data.azurerm_resources.resources_ds",
            "data.terraform_remote_state.management",
            "module.diagnostic_setting.data.azurerm_monitor_diagnostic_categories.categories"
          ]
        }
      ]
    },
    {
      "module": "module.diagnostic_setting[\"/subscriptions/82f6d75e-85f4-434a-ab74-5dddd9fa8910/resourceGroups/rg-lzaks-hub/providers/Microsoft.Network/virtualNetworks/vnet-hub\"]",
      "mode": "data",
      "type": "azurerm_monitor_diagnostic_categories",
      "name": "categories",
      "provider": "provider[\"registry.terraform.io/hashicorp/azurerm\"]",
      "instances": [
        {
          "schema_version": 0,
          "attributes": {
            "id": "/subscriptions/82f6d75e-85f4-434a-ab74-5dddd9fa8910/resourceGroups/rg-lzaks-hub/providers/Microsoft.Network/virtualNetworks/vnet-hub",
            "log_category_groups": [
              "allLogs"
            ],
            "log_category_types": [
              "VMProtectionAlerts"
            ],
            "logs": [
              "VMProtectionAlerts"
            ],
            "metrics": [
              "AllMetrics"
            ],
            "resource_id": "/subscriptions/82f6d75e-85f4-434a-ab74-5dddd9fa8910/resourceGroups/rg-lzaks-hub/providers/Microsoft.Network/virtualNetworks/vnet-hub",
            "timeouts": null
          },
          "sensitive_attributes": []
        }
      ]
    },
    {
      "module": "module.diagnostic_setting[\"/subscriptions/82f6d75e-85f4-434a-ab74-5dddd9fa8910/resourceGroups/rg-lzaks-hub/providers/Microsoft.Network/virtualNetworks/vnet-hub\"]",
      "mode": "managed",
      "type": "azurerm_monitor_diagnostic_setting",
      "name": "diagnostic_settings",
      "provider": "provider[\"registry.terraform.io/hashicorp/azurerm\"]",
      "instances": [
        {
          "schema_version": 0,
          "attributes": {
            "enabled_log": [
              {
                "category": "VMProtectionAlerts",
                "category_group": "",
                "retention_policy": [
                  {
                    "days": 7,
                    "enabled": true
                  }
                ]
              }
            ],
            "eventhub_authorization_rule_id": "",
            "eventhub_name": "",
            "id": "/subscriptions/82f6d75e-85f4-434a-ab74-5dddd9fa8910/resourceGroups/rg-lzaks-hub/providers/Microsoft.Network/virtualNetworks/vnet-hub|diagnostic-settings",
            "log": [
              {
                "category": "VMProtectionAlerts",
                "category_group": "",
                "enabled": true,
                "retention_policy": [
                  {
                    "days": 7,
                    "enabled": true
                  }
                ]
              }
            ],
            "log_analytics_destination_type": "",
            "log_analytics_workspace_id": "/subscriptions/82f6d75e-85f4-434a-ab74-5dddd9fa8910/resourceGroups/rg-lzaks-management/providers/Microsoft.OperationalInsights/workspaces/loganalyticsforaks011",
            "metric": [
              {
                "category": "AllMetrics",
                "enabled": true,
                "retention_policy": [
                  {
                    "days": 7,
                    "enabled": true
                  }
                ]
              }
            ],
            "name": "diagnostic-settings",
            "partner_solution_id": null,
            "storage_account_id": null,
            "target_resource_id": "/subscriptions/82f6d75e-85f4-434a-ab74-5dddd9fa8910/resourceGroups/rg-lzaks-hub/providers/Microsoft.Network/virtualNetworks/vnet-hub",
            "timeouts": null
          },
          "sensitive_attributes": [],
          "private": "eyJlMmJmYjczMC1lY2FhLTExZTYtOGY4OC0zNDM2M2JjN2M0YzAiOnsiY3JlYXRlIjoxODAwMDAwMDAwMDAwLCJkZWxldGUiOjM2MDAwMDAwMDAwMDAsInJlYWQiOjMwMDAwMDAwMDAwMCwidXBkYXRlIjoxODAwMDAwMDAwMDAwfX0=",
          "dependencies": [
            "data.azurerm_resources.resources_ds",
            "data.terraform_remote_state.management",
            "module.diagnostic_setting.data.azurerm_monitor_diagnostic_categories.categories"
          ]
        }
      ]
    },
    {
      "module": "module.diagnostic_setting[\"/subscriptions/82f6d75e-85f4-434a-ab74-5dddd9fa8910/resourceGroups/rg-lzaks-management/providers/Microsoft.OperationalInsights/workspaces/loganalyticsforaks011\"]",
      "mode": "data",
      "type": "azurerm_monitor_diagnostic_categories",
      "name": "categories",
      "provider": "provider[\"registry.terraform.io/hashicorp/azurerm\"]",
      "instances": [
        {
          "schema_version": 0,
          "attributes": {
            "id": "/subscriptions/82f6d75e-85f4-434a-ab74-5dddd9fa8910/resourceGroups/rg-lzaks-management/providers/Microsoft.OperationalInsights/workspaces/loganalyticsforaks011",
            "log_category_groups": [
              "allLogs",
              "audit"
            ],
            "log_category_types": [
              "Audit"
            ],
            "logs": [
              "Audit"
            ],
            "metrics": [
              "AllMetrics"
            ],
            "resource_id": "/subscriptions/82f6d75e-85f4-434a-ab74-5dddd9fa8910/resourceGroups/rg-lzaks-management/providers/Microsoft.OperationalInsights/workspaces/loganalyticsforaks011",
            "timeouts": null
          },
          "sensitive_attributes": []
        }
      ]
    },
    {
      "module": "module.diagnostic_setting[\"/subscriptions/82f6d75e-85f4-434a-ab74-5dddd9fa8910/resourceGroups/rg-lzaks-management/providers/Microsoft.OperationalInsights/workspaces/loganalyticsforaks011\"]",
      "mode": "managed",
      "type": "azurerm_monitor_diagnostic_setting",
      "name": "diagnostic_settings",
      "provider": "provider[\"registry.terraform.io/hashicorp/azurerm\"]",
      "instances": [
        {
          "schema_version": 0,
          "attributes": {
            "enabled_log": [
              {
                "category": "Audit",
                "category_group": "",
                "retention_policy": [
                  {
                    "days": 7,
                    "enabled": true
                  }
                ]
              }
            ],
            "eventhub_authorization_rule_id": "",
            "eventhub_name": "",
            "id": "/subscriptions/82f6d75e-85f4-434a-ab74-5dddd9fa8910/resourceGroups/rg-lzaks-management/providers/Microsoft.OperationalInsights/workspaces/loganalyticsforaks011|diagnostic-settings",
            "log": [
              {
                "category": "Audit",
                "category_group": "",
                "enabled": true,
                "retention_policy": [
                  {
                    "days": 7,
                    "enabled": true
                  }
                ]
              }
            ],
            "log_analytics_destination_type": "",
            "log_analytics_workspace_id": "/subscriptions/82f6d75e-85f4-434a-ab74-5dddd9fa8910/resourceGroups/rg-lzaks-management/providers/Microsoft.OperationalInsights/workspaces/loganalyticsforaks011",
            "metric": [
              {
                "category": "AllMetrics",
                "enabled": true,
                "retention_policy": [
                  {
                    "days": 7,
                    "enabled": true
                  }
                ]
              }
            ],
            "name": "diagnostic-settings",
            "partner_solution_id": null,
            "storage_account_id": null,
            "target_resource_id": "/subscriptions/82f6d75e-85f4-434a-ab74-5dddd9fa8910/resourceGroups/rg-lzaks-management/providers/Microsoft.OperationalInsights/workspaces/loganalyticsforaks011",
            "timeouts": null
          },
          "sensitive_attributes": [],
          "private": "eyJlMmJmYjczMC1lY2FhLTExZTYtOGY4OC0zNDM2M2JjN2M0YzAiOnsiY3JlYXRlIjoxODAwMDAwMDAwMDAwLCJkZWxldGUiOjM2MDAwMDAwMDAwMDAsInJlYWQiOjMwMDAwMDAwMDAwMCwidXBkYXRlIjoxODAwMDAwMDAwMDAwfX0=",
          "dependencies": [
            "data.azurerm_resources.resources_ds",
            "data.terraform_remote_state.management",
            "module.diagnostic_setting.data.azurerm_monitor_diagnostic_categories.categories"
          ]
        }
      ]
    },
    {
      "module": "module.diagnostic_setting[\"/subscriptions/82f6d75e-85f4-434a-ab74-5dddd9fa8910/resourceGroups/rg-lzaks-spoke-aks-cluster/providers/Microsoft.ContainerService/managedClusters/aks-lzaks-cluster\"]",
      "mode": "data",
      "type": "azurerm_monitor_diagnostic_categories",
      "name": "categories",
      "provider": "provider[\"registry.terraform.io/hashicorp/azurerm\"]",
      "instances": [
        {
          "schema_version": 0,
          "attributes": {
            "id": "/subscriptions/82f6d75e-85f4-434a-ab74-5dddd9fa8910/resourceGroups/rg-lzaks-spoke-aks-cluster/providers/Microsoft.ContainerService/managedClusters/aks-lzaks-cluster",
            "log_category_groups": [
              "allLogs",
              "audit"
            ],
            "log_category_types": [
              "cloud-controller-manager",
              "cluster-autoscaler",
              "csi-azuredisk-controller",
              "csi-azurefile-controller",
              "csi-snapshot-controller",
              "guard",
              "kube-apiserver",
              "kube-audit",
              "kube-audit-admin",
              "kube-controller-manager",
              "kube-scheduler"
            ],
            "logs": [
              "cloud-controller-manager",
              "cluster-autoscaler",
              "csi-azuredisk-controller",
              "csi-azurefile-controller",
              "csi-snapshot-controller",
              "guard",
              "kube-apiserver",
              "kube-audit",
              "kube-audit-admin",
              "kube-controller-manager",
              "kube-scheduler"
            ],
            "metrics": [
              "AllMetrics"
            ],
            "resource_id": "/subscriptions/82f6d75e-85f4-434a-ab74-5dddd9fa8910/resourceGroups/rg-lzaks-spoke-aks-cluster/providers/Microsoft.ContainerService/managedClusters/aks-lzaks-cluster",
            "timeouts": null
          },
          "sensitive_attributes": []
        }
      ]
    },
    {
      "module": "module.diagnostic_setting[\"/subscriptions/82f6d75e-85f4-434a-ab74-5dddd9fa8910/resourceGroups/rg-lzaks-spoke-aks-cluster/providers/Microsoft.ContainerService/managedClusters/aks-lzaks-cluster\"]",
      "mode": "managed",
      "type": "azurerm_monitor_diagnostic_setting",
      "name": "diagnostic_settings",
      "provider": "provider[\"registry.terraform.io/hashicorp/azurerm\"]",
      "instances": [
        {
          "schema_version": 0,
          "attributes": {
            "enabled_log": [
              {
                "category": "cloud-controller-manager",
                "category_group": "",
                "retention_policy": [
                  {
                    "days": 7,
                    "enabled": true
                  }
                ]
              },
              {
                "category": "cluster-autoscaler",
                "category_group": "",
                "retention_policy": [
                  {
                    "days": 7,
                    "enabled": true
                  }
                ]
              },
              {
                "category": "csi-azuredisk-controller",
                "category_group": "",
                "retention_policy": [
                  {
                    "days": 7,
                    "enabled": true
                  }
                ]
              },
              {
                "category": "csi-azurefile-controller",
                "category_group": "",
                "retention_policy": [
                  {
                    "days": 7,
                    "enabled": true
                  }
                ]
              },
              {
                "category": "csi-snapshot-controller",
                "category_group": "",
                "retention_policy": [
                  {
                    "days": 7,
                    "enabled": true
                  }
                ]
              },
              {
                "category": "guard",
                "category_group": "",
                "retention_policy": [
                  {
                    "days": 7,
                    "enabled": true
                  }
                ]
              },
              {
                "category": "kube-apiserver",
                "category_group": "",
                "retention_policy": [
                  {
                    "days": 7,
                    "enabled": true
                  }
                ]
              },
              {
                "category": "kube-audit",
                "category_group": "",
                "retention_policy": [
                  {
                    "days": 7,
                    "enabled": true
                  }
                ]
              },
              {
                "category": "kube-audit-admin",
                "category_group": "",
                "retention_policy": [
                  {
                    "days": 7,
                    "enabled": true
                  }
                ]
              },
              {
                "category": "kube-controller-manager",
                "category_group": "",
                "retention_policy": [
                  {
                    "days": 7,
                    "enabled": true
                  }
                ]
              },
              {
                "category": "kube-scheduler",
                "category_group": "",
                "retention_policy": [
                  {
                    "days": 7,
                    "enabled": true
                  }
                ]
              }
            ],
            "eventhub_authorization_rule_id": "",
            "eventhub_name": "",
            "id": "/subscriptions/82f6d75e-85f4-434a-ab74-5dddd9fa8910/resourceGroups/rg-lzaks-spoke-aks-cluster/providers/Microsoft.ContainerService/managedClusters/aks-lzaks-cluster|diagnostic-settings",
            "log": [
              {
                "category": "cloud-controller-manager",
                "category_group": "",
                "enabled": true,
                "retention_policy": [
                  {
                    "days": 7,
                    "enabled": true
                  }
                ]
              },
              {
                "category": "cluster-autoscaler",
                "category_group": "",
                "enabled": true,
                "retention_policy": [
                  {
                    "days": 7,
                    "enabled": true
                  }
                ]
              },
              {
                "category": "csi-azuredisk-controller",
                "category_group": "",
                "enabled": true,
                "retention_policy": [
                  {
                    "days": 7,
                    "enabled": true
                  }
                ]
              },
              {
                "category": "csi-azurefile-controller",
                "category_group": "",
                "enabled": true,
                "retention_policy": [
                  {
                    "days": 7,
                    "enabled": true
                  }
                ]
              },
              {
                "category": "csi-snapshot-controller",
                "category_group": "",
                "enabled": true,
                "retention_policy": [
                  {
                    "days": 7,
                    "enabled": true
                  }
                ]
              },
              {
                "category": "guard",
                "category_group": "",
                "enabled": true,
                "retention_policy": [
                  {
                    "days": 7,
                    "enabled": true
                  }
                ]
              },
              {
                "category": "kube-apiserver",
                "category_group": "",
                "enabled": true,
                "retention_policy": [
                  {
                    "days": 7,
                    "enabled": true
                  }
                ]
              },
              {
                "category": "kube-audit",
                "category_group": "",
                "enabled": true,
                "retention_policy": [
                  {
                    "days": 7,
                    "enabled": true
                  }
                ]
              },
              {
                "category": "kube-audit-admin",
                "category_group": "",
                "enabled": true,
                "retention_policy": [
                  {
                    "days": 7,
                    "enabled": true
                  }
                ]
              },
              {
                "category": "kube-controller-manager",
                "category_group": "",
                "enabled": true,
                "retention_policy": [
                  {
                    "days": 7,
                    "enabled": true
                  }
                ]
              },
              {
                "category": "kube-scheduler",
                "category_group": "",
                "enabled": true,
                "retention_policy": [
                  {
                    "days": 7,
                    "enabled": true
                  }
                ]
              }
            ],
            "log_analytics_destination_type": "",
            "log_analytics_workspace_id": "/subscriptions/82f6d75e-85f4-434a-ab74-5dddd9fa8910/resourceGroups/rg-lzaks-management/providers/Microsoft.OperationalInsights/workspaces/loganalyticsforaks011",
            "metric": [
              {
                "category": "AllMetrics",
                "enabled": true,
                "retention_policy": [
                  {
                    "days": 7,
                    "enabled": true
                  }
                ]
              }
            ],
            "name": "diagnostic-settings",
            "partner_solution_id": null,
            "storage_account_id": null,
            "target_resource_id": "/subscriptions/82f6d75e-85f4-434a-ab74-5dddd9fa8910/resourceGroups/rg-lzaks-spoke-aks-cluster/providers/Microsoft.ContainerService/managedClusters/aks-lzaks-cluster",
            "timeouts": null
          },
          "sensitive_attributes": [],
          "private": "eyJlMmJmYjczMC1lY2FhLTExZTYtOGY4OC0zNDM2M2JjN2M0YzAiOnsiY3JlYXRlIjoxODAwMDAwMDAwMDAwLCJkZWxldGUiOjM2MDAwMDAwMDAwMDAsInJlYWQiOjMwMDAwMDAwMDAwMCwidXBkYXRlIjoxODAwMDAwMDAwMDAwfX0=",
          "dependencies": [
            "data.azurerm_resources.resources_ds",
            "data.terraform_remote_state.management",
            "module.diagnostic_setting.data.azurerm_monitor_diagnostic_categories.categories"
          ]
        }
      ]
    },
    {
      "module": "module.diagnostic_setting[\"/subscriptions/82f6d75e-85f4-434a-ab74-5dddd9fa8910/resourceGroups/rg-lzaks-spoke-aks-infra/providers/Microsoft.ContainerRegistry/registries/acrforakstf01357\"]",
      "mode": "data",
      "type": "azurerm_monitor_diagnostic_categories",
      "name": "categories",
      "provider": "provider[\"registry.terraform.io/hashicorp/azurerm\"]",
      "instances": [
        {
          "schema_version": 0,
          "attributes": {
            "id": "/subscriptions/82f6d75e-85f4-434a-ab74-5dddd9fa8910/resourceGroups/rg-lzaks-spoke-aks-infra/providers/Microsoft.ContainerRegistry/registries/acrforakstf01357",
            "log_category_groups": [
              "allLogs",
              "audit"
            ],
            "log_category_types": [
              "ContainerRegistryLoginEvents",
              "ContainerRegistryRepositoryEvents"
            ],
            "logs": [
              "ContainerRegistryLoginEvents",
              "ContainerRegistryRepositoryEvents"
            ],
            "metrics": [
              "AllMetrics"
            ],
            "resource_id": "/subscriptions/82f6d75e-85f4-434a-ab74-5dddd9fa8910/resourceGroups/rg-lzaks-spoke-aks-infra/providers/Microsoft.ContainerRegistry/registries/acrforakstf01357",
            "timeouts": null
          },
          "sensitive_attributes": []
        }
      ]
    },
    {
      "module": "module.diagnostic_setting[\"/subscriptions/82f6d75e-85f4-434a-ab74-5dddd9fa8910/resourceGroups/rg-lzaks-spoke-aks-infra/providers/Microsoft.ContainerRegistry/registries/acrforakstf01357\"]",
      "mode": "managed",
      "type": "azurerm_monitor_diagnostic_setting",
      "name": "diagnostic_settings",
      "provider": "provider[\"registry.terraform.io/hashicorp/azurerm\"]",
      "instances": [
        {
          "schema_version": 0,
          "attributes": {
            "enabled_log": [
              {
                "category": "ContainerRegistryLoginEvents",
                "category_group": "",
                "retention_policy": [
                  {
                    "days": 7,
                    "enabled": true
                  }
                ]
              },
              {
                "category": "ContainerRegistryRepositoryEvents",
                "category_group": "",
                "retention_policy": [
                  {
                    "days": 7,
                    "enabled": true
                  }
                ]
              }
            ],
            "eventhub_authorization_rule_id": "",
            "eventhub_name": "",
            "id": "/subscriptions/82f6d75e-85f4-434a-ab74-5dddd9fa8910/resourceGroups/rg-lzaks-spoke-aks-infra/providers/Microsoft.ContainerRegistry/registries/acrforakstf01357|diagnostic-settings",
            "log": [
              {
                "category": "ContainerRegistryLoginEvents",
                "category_group": "",
                "enabled": true,
                "retention_policy": [
                  {
                    "days": 7,
                    "enabled": true
                  }
                ]
              },
              {
                "category": "ContainerRegistryRepositoryEvents",
                "category_group": "",
                "enabled": true,
                "retention_policy": [
                  {
                    "days": 7,
                    "enabled": true
                  }
                ]
              }
            ],
            "log_analytics_destination_type": "",
            "log_analytics_workspace_id": "/subscriptions/82f6d75e-85f4-434a-ab74-5dddd9fa8910/resourceGroups/rg-lzaks-management/providers/Microsoft.OperationalInsights/workspaces/loganalyticsforaks011",
            "metric": [
              {
                "category": "AllMetrics",
                "enabled": true,
                "retention_policy": [
                  {
                    "days": 7,
                    "enabled": true
                  }
                ]
              }
            ],
            "name": "diagnostic-settings",
            "partner_solution_id": null,
            "storage_account_id": null,
            "target_resource_id": "/subscriptions/82f6d75e-85f4-434a-ab74-5dddd9fa8910/resourceGroups/rg-lzaks-spoke-aks-infra/providers/Microsoft.ContainerRegistry/registries/acrforakstf01357",
            "timeouts": null
          },
          "sensitive_attributes": [],
          "private": "eyJlMmJmYjczMC1lY2FhLTExZTYtOGY4OC0zNDM2M2JjN2M0YzAiOnsiY3JlYXRlIjoxODAwMDAwMDAwMDAwLCJkZWxldGUiOjM2MDAwMDAwMDAwMDAsInJlYWQiOjMwMDAwMDAwMDAwMCwidXBkYXRlIjoxODAwMDAwMDAwMDAwfX0=",
          "dependencies": [
            "data.azurerm_resources.resources_ds",
            "data.terraform_remote_state.management",
            "module.diagnostic_setting.data.azurerm_monitor_diagnostic_categories.categories"
          ]
        }
      ]
    },
    {
      "module": "module.diagnostic_setting[\"/subscriptions/82f6d75e-85f4-434a-ab74-5dddd9fa8910/resourceGroups/rg-lzaks-spoke-aks-infra/providers/Microsoft.KeyVault/vaults/kvforakslz01357\"]",
      "mode": "data",
      "type": "azurerm_monitor_diagnostic_categories",
      "name": "categories",
      "provider": "provider[\"registry.terraform.io/hashicorp/azurerm\"]",
      "instances": [
        {
          "schema_version": 0,
          "attributes": {
            "id": "/subscriptions/82f6d75e-85f4-434a-ab74-5dddd9fa8910/resourceGroups/rg-lzaks-spoke-aks-infra/providers/Microsoft.KeyVault/vaults/kvforakslz01357",
            "log_category_groups": [
              "allLogs",
              "audit"
            ],
            "log_category_types": [
              "AuditEvent",
              "AzurePolicyEvaluationDetails"
            ],
            "logs": [
              "AuditEvent",
              "AzurePolicyEvaluationDetails"
            ],
            "metrics": [
              "AllMetrics"
            ],
            "resource_id": "/subscriptions/82f6d75e-85f4-434a-ab74-5dddd9fa8910/resourceGroups/rg-lzaks-spoke-aks-infra/providers/Microsoft.KeyVault/vaults/kvforakslz01357",
            "timeouts": null
          },
          "sensitive_attributes": []
        }
      ]
    },
    {
      "module": "module.diagnostic_setting[\"/subscriptions/82f6d75e-85f4-434a-ab74-5dddd9fa8910/resourceGroups/rg-lzaks-spoke-aks-infra/providers/Microsoft.KeyVault/vaults/kvforakslz01357\"]",
      "mode": "managed",
      "type": "azurerm_monitor_diagnostic_setting",
      "name": "diagnostic_settings",
      "provider": "provider[\"registry.terraform.io/hashicorp/azurerm\"]",
      "instances": [
        {
          "schema_version": 0,
          "attributes": {
            "enabled_log": [
              {
                "category": "AuditEvent",
                "category_group": "",
                "retention_policy": [
                  {
                    "days": 7,
                    "enabled": true
                  }
                ]
              },
              {
                "category": "AzurePolicyEvaluationDetails",
                "category_group": "",
                "retention_policy": [
                  {
                    "days": 7,
                    "enabled": true
                  }
                ]
              }
            ],
            "eventhub_authorization_rule_id": "",
            "eventhub_name": "",
            "id": "/subscriptions/82f6d75e-85f4-434a-ab74-5dddd9fa8910/resourceGroups/rg-lzaks-spoke-aks-infra/providers/Microsoft.KeyVault/vaults/kvforakslz01357|diagnostic-settings",
            "log": [
              {
                "category": "AuditEvent",
                "category_group": "",
                "enabled": true,
                "retention_policy": [
                  {
                    "days": 7,
                    "enabled": true
                  }
                ]
              },
              {
                "category": "AzurePolicyEvaluationDetails",
                "category_group": "",
                "enabled": true,
                "retention_policy": [
                  {
                    "days": 7,
                    "enabled": true
                  }
                ]
              }
            ],
            "log_analytics_destination_type": "",
            "log_analytics_workspace_id": "/subscriptions/82f6d75e-85f4-434a-ab74-5dddd9fa8910/resourceGroups/rg-lzaks-management/providers/Microsoft.OperationalInsights/workspaces/loganalyticsforaks011",
            "metric": [
              {
                "category": "AllMetrics",
                "enabled": true,
                "retention_policy": [
                  {
                    "days": 7,
                    "enabled": true
                  }
                ]
              }
            ],
            "name": "diagnostic-settings",
            "partner_solution_id": null,
            "storage_account_id": null,
            "target_resource_id": "/subscriptions/82f6d75e-85f4-434a-ab74-5dddd9fa8910/resourceGroups/rg-lzaks-spoke-aks-infra/providers/Microsoft.KeyVault/vaults/kvforakslz01357",
            "timeouts": null
          },
          "sensitive_attributes": [],
          "private": "eyJlMmJmYjczMC1lY2FhLTExZTYtOGY4OC0zNDM2M2JjN2M0YzAiOnsiY3JlYXRlIjoxODAwMDAwMDAwMDAwLCJkZWxldGUiOjM2MDAwMDAwMDAwMDAsInJlYWQiOjMwMDAwMDAwMDAwMCwidXBkYXRlIjoxODAwMDAwMDAwMDAwfX0=",
          "dependencies": [
            "data.azurerm_resources.resources_ds",
            "data.terraform_remote_state.management",
            "module.diagnostic_setting.data.azurerm_monitor_diagnostic_categories.categories"
          ]
        }
      ]
    },
    {
      "module": "module.diagnostic_setting[\"/subscriptions/82f6d75e-85f4-434a-ab74-5dddd9fa8910/resourceGroups/rg-lzaks-spoke-aks-infra/providers/Microsoft.Network/applicationGateways/appgw-aks\"]",
      "mode": "data",
      "type": "azurerm_monitor_diagnostic_categories",
      "name": "categories",
      "provider": "provider[\"registry.terraform.io/hashicorp/azurerm\"]",
      "instances": [
        {
          "schema_version": 0,
          "attributes": {
            "id": "/subscriptions/82f6d75e-85f4-434a-ab74-5dddd9fa8910/resourceGroups/rg-lzaks-spoke-aks-infra/providers/Microsoft.Network/applicationGateways/appgw-aks",
            "log_category_groups": [
              "allLogs"
            ],
            "log_category_types": [
              "ApplicationGatewayAccessLog",
              "ApplicationGatewayFirewallLog",
              "ApplicationGatewayPerformanceLog"
            ],
            "logs": [
              "ApplicationGatewayAccessLog",
              "ApplicationGatewayFirewallLog",
              "ApplicationGatewayPerformanceLog"
            ],
            "metrics": [
              "AllMetrics"
            ],
            "resource_id": "/subscriptions/82f6d75e-85f4-434a-ab74-5dddd9fa8910/resourceGroups/rg-lzaks-spoke-aks-infra/providers/Microsoft.Network/applicationGateways/appgw-aks",
            "timeouts": null
          },
          "sensitive_attributes": []
        }
      ]
    },
    {
      "module": "module.diagnostic_setting[\"/subscriptions/82f6d75e-85f4-434a-ab74-5dddd9fa8910/resourceGroups/rg-lzaks-spoke-aks-infra/providers/Microsoft.Network/applicationGateways/appgw-aks\"]",
      "mode": "managed",
      "type": "azurerm_monitor_diagnostic_setting",
      "name": "diagnostic_settings",
      "provider": "provider[\"registry.terraform.io/hashicorp/azurerm\"]",
      "instances": [
        {
          "schema_version": 0,
          "attributes": {
            "enabled_log": [
              {
                "category": "ApplicationGatewayAccessLog",
                "category_group": "",
                "retention_policy": [
                  {
                    "days": 7,
                    "enabled": true
                  }
                ]
              },
              {
                "category": "ApplicationGatewayFirewallLog",
                "category_group": "",
                "retention_policy": [
                  {
                    "days": 7,
                    "enabled": true
                  }
                ]
              },
              {
                "category": "ApplicationGatewayPerformanceLog",
                "category_group": "",
                "retention_policy": [
                  {
                    "days": 7,
                    "enabled": true
                  }
                ]
              }
            ],
            "eventhub_authorization_rule_id": "",
            "eventhub_name": "",
            "id": "/subscriptions/82f6d75e-85f4-434a-ab74-5dddd9fa8910/resourceGroups/rg-lzaks-spoke-aks-infra/providers/Microsoft.Network/applicationGateways/appgw-aks|diagnostic-settings",
            "log": [
              {
                "category": "ApplicationGatewayAccessLog",
                "category_group": "",
                "enabled": true,
                "retention_policy": [
                  {
                    "days": 7,
                    "enabled": true
                  }
                ]
              },
              {
                "category": "ApplicationGatewayFirewallLog",
                "category_group": "",
                "enabled": true,
                "retention_policy": [
                  {
                    "days": 7,
                    "enabled": true
                  }
                ]
              },
              {
                "category": "ApplicationGatewayPerformanceLog",
                "category_group": "",
                "enabled": true,
                "retention_policy": [
                  {
                    "days": 7,
                    "enabled": true
                  }
                ]
              }
            ],
            "log_analytics_destination_type": "",
            "log_analytics_workspace_id": "/subscriptions/82f6d75e-85f4-434a-ab74-5dddd9fa8910/resourceGroups/rg-lzaks-management/providers/Microsoft.OperationalInsights/workspaces/loganalyticsforaks011",
            "metric": [
              {
                "category": "AllMetrics",
                "enabled": true,
                "retention_policy": [
                  {
                    "days": 7,
                    "enabled": true
                  }
                ]
              }
            ],
            "name": "diagnostic-settings",
            "partner_solution_id": null,
            "storage_account_id": null,
            "target_resource_id": "/subscriptions/82f6d75e-85f4-434a-ab74-5dddd9fa8910/resourceGroups/rg-lzaks-spoke-aks-infra/providers/Microsoft.Network/applicationGateways/appgw-aks",
            "timeouts": null
          },
          "sensitive_attributes": [],
          "private": "eyJlMmJmYjczMC1lY2FhLTExZTYtOGY4OC0zNDM2M2JjN2M0YzAiOnsiY3JlYXRlIjoxODAwMDAwMDAwMDAwLCJkZWxldGUiOjM2MDAwMDAwMDAwMDAsInJlYWQiOjMwMDAwMDAwMDAwMCwidXBkYXRlIjoxODAwMDAwMDAwMDAwfX0=",
          "dependencies": [
            "data.azurerm_resources.resources_ds",
            "data.terraform_remote_state.management",
            "module.diagnostic_setting.data.azurerm_monitor_diagnostic_categories.categories"
          ]
        }
      ]
    },
    {
      "module": "module.diagnostic_setting[\"/subscriptions/82f6d75e-85f4-434a-ab74-5dddd9fa8910/resourceGroups/rg-lzaks-spoke-aks-infra/providers/Microsoft.Network/networkInterfaces/private-endpoint-acr.nic.fb72157c-e56c-4354-97fa-40b4c6fcfb9c\"]",
      "mode": "data",
      "type": "azurerm_monitor_diagnostic_categories",
      "name": "categories",
      "provider": "provider[\"registry.terraform.io/hashicorp/azurerm\"]",
      "instances": [
        {
          "schema_version": 0,
          "attributes": {
            "id": "/subscriptions/82f6d75e-85f4-434a-ab74-5dddd9fa8910/resourceGroups/rg-lzaks-spoke-aks-infra/providers/Microsoft.Network/networkInterfaces/private-endpoint-acr.nic.fb72157c-e56c-4354-97fa-40b4c6fcfb9c",
            "log_category_groups": [],
            "log_category_types": [],
            "logs": [],
            "metrics": [
              "AllMetrics"
            ],
            "resource_id": "/subscriptions/82f6d75e-85f4-434a-ab74-5dddd9fa8910/resourceGroups/rg-lzaks-spoke-aks-infra/providers/Microsoft.Network/networkInterfaces/private-endpoint-acr.nic.fb72157c-e56c-4354-97fa-40b4c6fcfb9c",
            "timeouts": null
          },
          "sensitive_attributes": []
        }
      ]
    },
    {
      "module": "module.diagnostic_setting[\"/subscriptions/82f6d75e-85f4-434a-ab74-5dddd9fa8910/resourceGroups/rg-lzaks-spoke-aks-infra/providers/Microsoft.Network/networkInterfaces/private-endpoint-acr.nic.fb72157c-e56c-4354-97fa-40b4c6fcfb9c\"]",
      "mode": "managed",
      "type": "azurerm_monitor_diagnostic_setting",
      "name": "diagnostic_settings",
      "provider": "provider[\"registry.terraform.io/hashicorp/azurerm\"]",
      "instances": [
        {
          "schema_version": 0,
          "attributes": {
            "enabled_log": [],
            "eventhub_authorization_rule_id": "",
            "eventhub_name": "",
            "id": "/subscriptions/82f6d75e-85f4-434a-ab74-5dddd9fa8910/resourceGroups/rg-lzaks-spoke-aks-infra/providers/Microsoft.Network/networkInterfaces/private-endpoint-acr.nic.fb72157c-e56c-4354-97fa-40b4c6fcfb9c|diagnostic-settings",
            "log": [],
            "log_analytics_destination_type": "",
            "log_analytics_workspace_id": "/subscriptions/82f6d75e-85f4-434a-ab74-5dddd9fa8910/resourceGroups/rg-lzaks-management/providers/Microsoft.OperationalInsights/workspaces/loganalyticsforaks011",
            "metric": [
              {
                "category": "AllMetrics",
                "enabled": true,
                "retention_policy": [
                  {
                    "days": 7,
                    "enabled": true
                  }
                ]
              }
            ],
            "name": "diagnostic-settings",
            "partner_solution_id": null,
            "storage_account_id": null,
            "target_resource_id": "/subscriptions/82f6d75e-85f4-434a-ab74-5dddd9fa8910/resourceGroups/rg-lzaks-spoke-aks-infra/providers/Microsoft.Network/networkInterfaces/private-endpoint-acr.nic.fb72157c-e56c-4354-97fa-40b4c6fcfb9c",
            "timeouts": null
          },
          "sensitive_attributes": [],
          "private": "eyJlMmJmYjczMC1lY2FhLTExZTYtOGY4OC0zNDM2M2JjN2M0YzAiOnsiY3JlYXRlIjoxODAwMDAwMDAwMDAwLCJkZWxldGUiOjM2MDAwMDAwMDAwMDAsInJlYWQiOjMwMDAwMDAwMDAwMCwidXBkYXRlIjoxODAwMDAwMDAwMDAwfX0=",
          "dependencies": [
            "data.azurerm_resources.resources_ds",
            "data.terraform_remote_state.management",
            "module.diagnostic_setting.data.azurerm_monitor_diagnostic_categories.categories"
          ]
        }
      ]
    },
    {
      "module": "module.diagnostic_setting[\"/subscriptions/82f6d75e-85f4-434a-ab74-5dddd9fa8910/resourceGroups/rg-lzaks-spoke-aks-infra/providers/Microsoft.Network/networkInterfaces/private-endpoint-keyvault.nic.067dd978-892f-4dba-9547-ebdbcce4e873\"]",
      "mode": "data",
      "type": "azurerm_monitor_diagnostic_categories",
      "name": "categories",
      "provider": "provider[\"registry.terraform.io/hashicorp/azurerm\"]",
      "instances": [
        {
          "schema_version": 0,
          "attributes": {
            "id": "/subscriptions/82f6d75e-85f4-434a-ab74-5dddd9fa8910/resourceGroups/rg-lzaks-spoke-aks-infra/providers/Microsoft.Network/networkInterfaces/private-endpoint-keyvault.nic.067dd978-892f-4dba-9547-ebdbcce4e873",
            "log_category_groups": [],
            "log_category_types": [],
            "logs": [],
            "metrics": [
              "AllMetrics"
            ],
            "resource_id": "/subscriptions/82f6d75e-85f4-434a-ab74-5dddd9fa8910/resourceGroups/rg-lzaks-spoke-aks-infra/providers/Microsoft.Network/networkInterfaces/private-endpoint-keyvault.nic.067dd978-892f-4dba-9547-ebdbcce4e873",
            "timeouts": null
          },
          "sensitive_attributes": []
        }
      ]
    },
    {
      "module": "module.diagnostic_setting[\"/subscriptions/82f6d75e-85f4-434a-ab74-5dddd9fa8910/resourceGroups/rg-lzaks-spoke-aks-infra/providers/Microsoft.Network/networkInterfaces/private-endpoint-keyvault.nic.067dd978-892f-4dba-9547-ebdbcce4e873\"]",
      "mode": "managed",
      "type": "azurerm_monitor_diagnostic_setting",
      "name": "diagnostic_settings",
      "provider": "provider[\"registry.terraform.io/hashicorp/azurerm\"]",
      "instances": [
        {
          "schema_version": 0,
          "attributes": {
            "enabled_log": [],
            "eventhub_authorization_rule_id": "",
            "eventhub_name": "",
            "id": "/subscriptions/82f6d75e-85f4-434a-ab74-5dddd9fa8910/resourceGroups/rg-lzaks-spoke-aks-infra/providers/Microsoft.Network/networkInterfaces/private-endpoint-keyvault.nic.067dd978-892f-4dba-9547-ebdbcce4e873|diagnostic-settings",
            "log": [],
            "log_analytics_destination_type": "",
            "log_analytics_workspace_id": "/subscriptions/82f6d75e-85f4-434a-ab74-5dddd9fa8910/resourceGroups/rg-lzaks-management/providers/Microsoft.OperationalInsights/workspaces/loganalyticsforaks011",
            "metric": [
              {
                "category": "AllMetrics",
                "enabled": true,
                "retention_policy": [
                  {
                    "days": 7,
                    "enabled": true
                  }
                ]
              }
            ],
            "name": "diagnostic-settings",
            "partner_solution_id": null,
            "storage_account_id": null,
            "target_resource_id": "/subscriptions/82f6d75e-85f4-434a-ab74-5dddd9fa8910/resourceGroups/rg-lzaks-spoke-aks-infra/providers/Microsoft.Network/networkInterfaces/private-endpoint-keyvault.nic.067dd978-892f-4dba-9547-ebdbcce4e873",
            "timeouts": null
          },
          "sensitive_attributes": [],
          "private": "eyJlMmJmYjczMC1lY2FhLTExZTYtOGY4OC0zNDM2M2JjN2M0YzAiOnsiY3JlYXRlIjoxODAwMDAwMDAwMDAwLCJkZWxldGUiOjM2MDAwMDAwMDAwMDAsInJlYWQiOjMwMDAwMDAwMDAwMCwidXBkYXRlIjoxODAwMDAwMDAwMDAwfX0=",
          "dependencies": [
            "data.azurerm_resources.resources_ds",
            "data.terraform_remote_state.management",
            "module.diagnostic_setting.data.azurerm_monitor_diagnostic_categories.categories"
          ]
        }
      ]
    },
    {
      "module": "module.diagnostic_setting[\"/subscriptions/82f6d75e-85f4-434a-ab74-5dddd9fa8910/resourceGroups/rg-lzaks-spoke-aks-infra/providers/Microsoft.Network/networkInterfaces/private-endpoint-storage.nic.b1fb3d31-34ed-40b7-bfa8-0b8ffc6b3557\"]",
      "mode": "data",
      "type": "azurerm_monitor_diagnostic_categories",
      "name": "categories",
      "provider": "provider[\"registry.terraform.io/hashicorp/azurerm\"]",
      "instances": [
        {
          "schema_version": 0,
          "attributes": {
            "id": "/subscriptions/82f6d75e-85f4-434a-ab74-5dddd9fa8910/resourceGroups/rg-lzaks-spoke-aks-infra/providers/Microsoft.Network/networkInterfaces/private-endpoint-storage.nic.b1fb3d31-34ed-40b7-bfa8-0b8ffc6b3557",
            "log_category_groups": [],
            "log_category_types": [],
            "logs": [],
            "metrics": [
              "AllMetrics"
            ],
            "resource_id": "/subscriptions/82f6d75e-85f4-434a-ab74-5dddd9fa8910/resourceGroups/rg-lzaks-spoke-aks-infra/providers/Microsoft.Network/networkInterfaces/private-endpoint-storage.nic.b1fb3d31-34ed-40b7-bfa8-0b8ffc6b3557",
            "timeouts": null
          },
          "sensitive_attributes": []
        }
      ]
    },
    {
      "module": "module.diagnostic_setting[\"/subscriptions/82f6d75e-85f4-434a-ab74-5dddd9fa8910/resourceGroups/rg-lzaks-spoke-aks-infra/providers/Microsoft.Network/networkInterfaces/private-endpoint-storage.nic.b1fb3d31-34ed-40b7-bfa8-0b8ffc6b3557\"]",
      "mode": "managed",
      "type": "azurerm_monitor_diagnostic_setting",
      "name": "diagnostic_settings",
      "provider": "provider[\"registry.terraform.io/hashicorp/azurerm\"]",
      "instances": [
        {
          "schema_version": 0,
          "attributes": {
            "enabled_log": [],
            "eventhub_authorization_rule_id": "",
            "eventhub_name": "",
            "id": "/subscriptions/82f6d75e-85f4-434a-ab74-5dddd9fa8910/resourceGroups/rg-lzaks-spoke-aks-infra/providers/Microsoft.Network/networkInterfaces/private-endpoint-storage.nic.b1fb3d31-34ed-40b7-bfa8-0b8ffc6b3557|diagnostic-settings",
            "log": [],
            "log_analytics_destination_type": "",
            "log_analytics_workspace_id": "/subscriptions/82f6d75e-85f4-434a-ab74-5dddd9fa8910/resourceGroups/rg-lzaks-management/providers/Microsoft.OperationalInsights/workspaces/loganalyticsforaks011",
            "metric": [
              {
                "category": "AllMetrics",
                "enabled": true,
                "retention_policy": [
                  {
                    "days": 7,
                    "enabled": true
                  }
                ]
              }
            ],
            "name": "diagnostic-settings",
            "partner_solution_id": null,
            "storage_account_id": null,
            "target_resource_id": "/subscriptions/82f6d75e-85f4-434a-ab74-5dddd9fa8910/resourceGroups/rg-lzaks-spoke-aks-infra/providers/Microsoft.Network/networkInterfaces/private-endpoint-storage.nic.b1fb3d31-34ed-40b7-bfa8-0b8ffc6b3557",
            "timeouts": null
          },
          "sensitive_attributes": [],
          "private": "eyJlMmJmYjczMC1lY2FhLTExZTYtOGY4OC0zNDM2M2JjN2M0YzAiOnsiY3JlYXRlIjoxODAwMDAwMDAwMDAwLCJkZWxldGUiOjM2MDAwMDAwMDAwMDAsInJlYWQiOjMwMDAwMDAwMDAwMCwidXBkYXRlIjoxODAwMDAwMDAwMDAwfX0=",
          "dependencies": [
            "data.azurerm_resources.resources_ds",
            "data.terraform_remote_state.management",
            "module.diagnostic_setting.data.azurerm_monitor_diagnostic_categories.categories"
          ]
        }
      ]
    },
    {
      "module": "module.diagnostic_setting[\"/subscriptions/82f6d75e-85f4-434a-ab74-5dddd9fa8910/resourceGroups/rg-lzaks-spoke-aks-infra/providers/Microsoft.Network/networkSecurityGroups/nsg-vnet-spoke-aks\"]",
      "mode": "data",
      "type": "azurerm_monitor_diagnostic_categories",
      "name": "categories",
      "provider": "provider[\"registry.terraform.io/hashicorp/azurerm\"]",
      "instances": [
        {
          "schema_version": 0,
          "attributes": {
            "id": "/subscriptions/82f6d75e-85f4-434a-ab74-5dddd9fa8910/resourceGroups/rg-lzaks-spoke-aks-infra/providers/Microsoft.Network/networkSecurityGroups/nsg-vnet-spoke-aks",
            "log_category_groups": [
              "allLogs"
            ],
            "log_category_types": [
              "NetworkSecurityGroupEvent",
              "NetworkSecurityGroupRuleCounter"
            ],
            "logs": [
              "NetworkSecurityGroupEvent",
              "NetworkSecurityGroupRuleCounter"
            ],
            "metrics": [],
            "resource_id": "/subscriptions/82f6d75e-85f4-434a-ab74-5dddd9fa8910/resourceGroups/rg-lzaks-spoke-aks-infra/providers/Microsoft.Network/networkSecurityGroups/nsg-vnet-spoke-aks",
            "timeouts": null
          },
          "sensitive_attributes": []
        }
      ]
    },
    {
      "module": "module.diagnostic_setting[\"/subscriptions/82f6d75e-85f4-434a-ab74-5dddd9fa8910/resourceGroups/rg-lzaks-spoke-aks-infra/providers/Microsoft.Network/networkSecurityGroups/nsg-vnet-spoke-aks\"]",
      "mode": "managed",
      "type": "azurerm_monitor_diagnostic_setting",
      "name": "diagnostic_settings",
      "provider": "provider[\"registry.terraform.io/hashicorp/azurerm\"]",
      "instances": [
        {
          "schema_version": 0,
          "attributes": {
            "enabled_log": [
              {
                "category": "NetworkSecurityGroupEvent",
                "category_group": "",
                "retention_policy": [
                  {
                    "days": 7,
                    "enabled": true
                  }
                ]
              },
              {
                "category": "NetworkSecurityGroupRuleCounter",
                "category_group": "",
                "retention_policy": [
                  {
                    "days": 7,
                    "enabled": true
                  }
                ]
              }
            ],
            "eventhub_authorization_rule_id": "",
            "eventhub_name": "",
            "id": "/subscriptions/82f6d75e-85f4-434a-ab74-5dddd9fa8910/resourceGroups/rg-lzaks-spoke-aks-infra/providers/Microsoft.Network/networkSecurityGroups/nsg-vnet-spoke-aks|diagnostic-settings",
            "log": [
              {
                "category": "NetworkSecurityGroupEvent",
                "category_group": "",
                "enabled": true,
                "retention_policy": [
                  {
                    "days": 7,
                    "enabled": true
                  }
                ]
              },
              {
                "category": "NetworkSecurityGroupRuleCounter",
                "category_group": "",
                "enabled": true,
                "retention_policy": [
                  {
                    "days": 7,
                    "enabled": true
                  }
                ]
              }
            ],
            "log_analytics_destination_type": "",
            "log_analytics_workspace_id": "/subscriptions/82f6d75e-85f4-434a-ab74-5dddd9fa8910/resourceGroups/rg-lzaks-management/providers/Microsoft.OperationalInsights/workspaces/loganalyticsforaks011",
            "metric": [],
            "name": "diagnostic-settings",
            "partner_solution_id": null,
            "storage_account_id": null,
            "target_resource_id": "/subscriptions/82f6d75e-85f4-434a-ab74-5dddd9fa8910/resourceGroups/rg-lzaks-spoke-aks-infra/providers/Microsoft.Network/networkSecurityGroups/nsg-vnet-spoke-aks",
            "timeouts": null
          },
          "sensitive_attributes": [],
          "private": "eyJlMmJmYjczMC1lY2FhLTExZTYtOGY4OC0zNDM2M2JjN2M0YzAiOnsiY3JlYXRlIjoxODAwMDAwMDAwMDAwLCJkZWxldGUiOjM2MDAwMDAwMDAwMDAsInJlYWQiOjMwMDAwMDAwMDAwMCwidXBkYXRlIjoxODAwMDAwMDAwMDAwfX0=",
          "dependencies": [
            "data.azurerm_resources.resources_ds",
            "data.terraform_remote_state.management",
            "module.diagnostic_setting.data.azurerm_monitor_diagnostic_categories.categories"
          ]
        }
      ]
    },
    {
      "module": "module.diagnostic_setting[\"/subscriptions/82f6d75e-85f4-434a-ab74-5dddd9fa8910/resourceGroups/rg-lzaks-spoke-aks-infra/providers/Microsoft.Network/networkSecurityGroups/vnet-spoke-aks-subnet-apiserver-nsg-westeurope\"]",
      "mode": "data",
      "type": "azurerm_monitor_diagnostic_categories",
      "name": "categories",
      "provider": "provider[\"registry.terraform.io/hashicorp/azurerm\"]",
      "instances": [
        {
          "schema_version": 0,
          "attributes": {
            "id": "/subscriptions/82f6d75e-85f4-434a-ab74-5dddd9fa8910/resourceGroups/rg-lzaks-spoke-aks-infra/providers/Microsoft.Network/networkSecurityGroups/vnet-spoke-aks-subnet-apiserver-nsg-westeurope",
            "log_category_groups": [
              "allLogs"
            ],
            "log_category_types": [
              "NetworkSecurityGroupEvent",
              "NetworkSecurityGroupRuleCounter"
            ],
            "logs": [
              "NetworkSecurityGroupEvent",
              "NetworkSecurityGroupRuleCounter"
            ],
            "metrics": [],
            "resource_id": "/subscriptions/82f6d75e-85f4-434a-ab74-5dddd9fa8910/resourceGroups/rg-lzaks-spoke-aks-infra/providers/Microsoft.Network/networkSecurityGroups/vnet-spoke-aks-subnet-apiserver-nsg-westeurope",
            "timeouts": null
          },
          "sensitive_attributes": []
        }
      ]
    },
    {
      "module": "module.diagnostic_setting[\"/subscriptions/82f6d75e-85f4-434a-ab74-5dddd9fa8910/resourceGroups/rg-lzaks-spoke-aks-infra/providers/Microsoft.Network/networkSecurityGroups/vnet-spoke-aks-subnet-apiserver-nsg-westeurope\"]",
      "mode": "managed",
      "type": "azurerm_monitor_diagnostic_setting",
      "name": "diagnostic_settings",
      "provider": "provider[\"registry.terraform.io/hashicorp/azurerm\"]",
      "instances": [
        {
          "schema_version": 0,
          "attributes": {
            "enabled_log": [
              {
                "category": "NetworkSecurityGroupEvent",
                "category_group": "",
                "retention_policy": [
                  {
                    "days": 7,
                    "enabled": true
                  }
                ]
              },
              {
                "category": "NetworkSecurityGroupRuleCounter",
                "category_group": "",
                "retention_policy": [
                  {
                    "days": 7,
                    "enabled": true
                  }
                ]
              }
            ],
            "eventhub_authorization_rule_id": "",
            "eventhub_name": "",
            "id": "/subscriptions/82f6d75e-85f4-434a-ab74-5dddd9fa8910/resourceGroups/rg-lzaks-spoke-aks-infra/providers/Microsoft.Network/networkSecurityGroups/vnet-spoke-aks-subnet-apiserver-nsg-westeurope|diagnostic-settings",
            "log": [
              {
                "category": "NetworkSecurityGroupEvent",
                "category_group": "",
                "enabled": true,
                "retention_policy": [
                  {
                    "days": 7,
                    "enabled": true
                  }
                ]
              },
              {
                "category": "NetworkSecurityGroupRuleCounter",
                "category_group": "",
                "enabled": true,
                "retention_policy": [
                  {
                    "days": 7,
                    "enabled": true
                  }
                ]
              }
            ],
            "log_analytics_destination_type": "",
            "log_analytics_workspace_id": "/subscriptions/82f6d75e-85f4-434a-ab74-5dddd9fa8910/resourceGroups/rg-lzaks-management/providers/Microsoft.OperationalInsights/workspaces/loganalyticsforaks011",
            "metric": [],
            "name": "diagnostic-settings",
            "partner_solution_id": null,
            "storage_account_id": null,
            "target_resource_id": "/subscriptions/82f6d75e-85f4-434a-ab74-5dddd9fa8910/resourceGroups/rg-lzaks-spoke-aks-infra/providers/Microsoft.Network/networkSecurityGroups/vnet-spoke-aks-subnet-apiserver-nsg-westeurope",
            "timeouts": null
          },
          "sensitive_attributes": [],
          "private": "eyJlMmJmYjczMC1lY2FhLTExZTYtOGY4OC0zNDM2M2JjN2M0YzAiOnsiY3JlYXRlIjoxODAwMDAwMDAwMDAwLCJkZWxldGUiOjM2MDAwMDAwMDAwMDAsInJlYWQiOjMwMDAwMDAwMDAwMCwidXBkYXRlIjoxODAwMDAwMDAwMDAwfX0=",
          "dependencies": [
            "data.azurerm_resources.resources_ds",
            "data.terraform_remote_state.management",
            "module.diagnostic_setting.data.azurerm_monitor_diagnostic_categories.categories"
          ]
        }
      ]
    },
    {
      "module": "module.diagnostic_setting[\"/subscriptions/82f6d75e-85f4-434a-ab74-5dddd9fa8910/resourceGroups/rg-lzaks-spoke-aks-infra/providers/Microsoft.Network/networkSecurityGroups/vnet-spoke-aks-subnet-appgw-nsg-westeurope\"]",
      "mode": "data",
      "type": "azurerm_monitor_diagnostic_categories",
      "name": "categories",
      "provider": "provider[\"registry.terraform.io/hashicorp/azurerm\"]",
      "instances": [
        {
          "schema_version": 0,
          "attributes": {
            "id": "/subscriptions/82f6d75e-85f4-434a-ab74-5dddd9fa8910/resourceGroups/rg-lzaks-spoke-aks-infra/providers/Microsoft.Network/networkSecurityGroups/vnet-spoke-aks-subnet-appgw-nsg-westeurope",
            "log_category_groups": [
              "allLogs"
            ],
            "log_category_types": [
              "NetworkSecurityGroupEvent",
              "NetworkSecurityGroupRuleCounter"
            ],
            "logs": [
              "NetworkSecurityGroupEvent",
              "NetworkSecurityGroupRuleCounter"
            ],
            "metrics": [],
            "resource_id": "/subscriptions/82f6d75e-85f4-434a-ab74-5dddd9fa8910/resourceGroups/rg-lzaks-spoke-aks-infra/providers/Microsoft.Network/networkSecurityGroups/vnet-spoke-aks-subnet-appgw-nsg-westeurope",
            "timeouts": null
          },
          "sensitive_attributes": []
        }
      ]
    },
    {
      "module": "module.diagnostic_setting[\"/subscriptions/82f6d75e-85f4-434a-ab74-5dddd9fa8910/resourceGroups/rg-lzaks-spoke-aks-infra/providers/Microsoft.Network/networkSecurityGroups/vnet-spoke-aks-subnet-appgw-nsg-westeurope\"]",
      "mode": "managed",
      "type": "azurerm_monitor_diagnostic_setting",
      "name": "diagnostic_settings",
      "provider": "provider[\"registry.terraform.io/hashicorp/azurerm\"]",
      "instances": [
        {
          "schema_version": 0,
          "attributes": {
            "enabled_log": [
              {
                "category": "NetworkSecurityGroupEvent",
                "category_group": "",
                "retention_policy": [
                  {
                    "days": 7,
                    "enabled": true
                  }
                ]
              },
              {
                "category": "NetworkSecurityGroupRuleCounter",
                "category_group": "",
                "retention_policy": [
                  {
                    "days": 7,
                    "enabled": true
                  }
                ]
              }
            ],
            "eventhub_authorization_rule_id": "",
            "eventhub_name": "",
            "id": "/subscriptions/82f6d75e-85f4-434a-ab74-5dddd9fa8910/resourceGroups/rg-lzaks-spoke-aks-infra/providers/Microsoft.Network/networkSecurityGroups/vnet-spoke-aks-subnet-appgw-nsg-westeurope|diagnostic-settings",
            "log": [
              {
                "category": "NetworkSecurityGroupEvent",
                "category_group": "",
                "enabled": true,
                "retention_policy": [
                  {
                    "days": 7,
                    "enabled": true
                  }
                ]
              },
              {
                "category": "NetworkSecurityGroupRuleCounter",
                "category_group": "",
                "enabled": true,
                "retention_policy": [
                  {
                    "days": 7,
                    "enabled": true
                  }
                ]
              }
            ],
            "log_analytics_destination_type": "",
            "log_analytics_workspace_id": "/subscriptions/82f6d75e-85f4-434a-ab74-5dddd9fa8910/resourceGroups/rg-lzaks-management/providers/Microsoft.OperationalInsights/workspaces/loganalyticsforaks011",
            "metric": [],
            "name": "diagnostic-settings",
            "partner_solution_id": null,
            "storage_account_id": null,
            "target_resource_id": "/subscriptions/82f6d75e-85f4-434a-ab74-5dddd9fa8910/resourceGroups/rg-lzaks-spoke-aks-infra/providers/Microsoft.Network/networkSecurityGroups/vnet-spoke-aks-subnet-appgw-nsg-westeurope",
            "timeouts": null
          },
          "sensitive_attributes": [],
          "private": "eyJlMmJmYjczMC1lY2FhLTExZTYtOGY4OC0zNDM2M2JjN2M0YzAiOnsiY3JlYXRlIjoxODAwMDAwMDAwMDAwLCJkZWxldGUiOjM2MDAwMDAwMDAwMDAsInJlYWQiOjMwMDAwMDAwMDAwMCwidXBkYXRlIjoxODAwMDAwMDAwMDAwfX0=",
          "dependencies": [
            "data.azurerm_resources.resources_ds",
            "data.terraform_remote_state.management",
            "module.diagnostic_setting.data.azurerm_monitor_diagnostic_categories.categories"
          ]
        }
      ]
    },
    {
      "module": "module.diagnostic_setting[\"/subscriptions/82f6d75e-85f4-434a-ab74-5dddd9fa8910/resourceGroups/rg-lzaks-spoke-aks-infra/providers/Microsoft.Network/networkSecurityGroups/vnet-spoke-aks-subnet-nodes-nsg-westeurope\"]",
      "mode": "data",
      "type": "azurerm_monitor_diagnostic_categories",
      "name": "categories",
      "provider": "provider[\"registry.terraform.io/hashicorp/azurerm\"]",
      "instances": [
        {
          "schema_version": 0,
          "attributes": {
            "id": "/subscriptions/82f6d75e-85f4-434a-ab74-5dddd9fa8910/resourceGroups/rg-lzaks-spoke-aks-infra/providers/Microsoft.Network/networkSecurityGroups/vnet-spoke-aks-subnet-nodes-nsg-westeurope",
            "log_category_groups": [
              "allLogs"
            ],
            "log_category_types": [
              "NetworkSecurityGroupEvent",
              "NetworkSecurityGroupRuleCounter"
            ],
            "logs": [
              "NetworkSecurityGroupEvent",
              "NetworkSecurityGroupRuleCounter"
            ],
            "metrics": [],
            "resource_id": "/subscriptions/82f6d75e-85f4-434a-ab74-5dddd9fa8910/resourceGroups/rg-lzaks-spoke-aks-infra/providers/Microsoft.Network/networkSecurityGroups/vnet-spoke-aks-subnet-nodes-nsg-westeurope",
            "timeouts": null
          },
          "sensitive_attributes": []
        }
      ]
    },
    {
      "module": "module.diagnostic_setting[\"/subscriptions/82f6d75e-85f4-434a-ab74-5dddd9fa8910/resourceGroups/rg-lzaks-spoke-aks-infra/providers/Microsoft.Network/networkSecurityGroups/vnet-spoke-aks-subnet-nodes-nsg-westeurope\"]",
      "mode": "managed",
      "type": "azurerm_monitor_diagnostic_setting",
      "name": "diagnostic_settings",
      "provider": "provider[\"registry.terraform.io/hashicorp/azurerm\"]",
      "instances": [
        {
          "schema_version": 0,
          "attributes": {
            "enabled_log": [
              {
                "category": "NetworkSecurityGroupEvent",
                "category_group": "",
                "retention_policy": [
                  {
                    "days": 7,
                    "enabled": true
                  }
                ]
              },
              {
                "category": "NetworkSecurityGroupRuleCounter",
                "category_group": "",
                "retention_policy": [
                  {
                    "days": 7,
                    "enabled": true
                  }
                ]
              }
            ],
            "eventhub_authorization_rule_id": "",
            "eventhub_name": "",
            "id": "/subscriptions/82f6d75e-85f4-434a-ab74-5dddd9fa8910/resourceGroups/rg-lzaks-spoke-aks-infra/providers/Microsoft.Network/networkSecurityGroups/vnet-spoke-aks-subnet-nodes-nsg-westeurope|diagnostic-settings",
            "log": [
              {
                "category": "NetworkSecurityGroupEvent",
                "category_group": "",
                "enabled": true,
                "retention_policy": [
                  {
                    "days": 7,
                    "enabled": true
                  }
                ]
              },
              {
                "category": "NetworkSecurityGroupRuleCounter",
                "category_group": "",
                "enabled": true,
                "retention_policy": [
                  {
                    "days": 7,
                    "enabled": true
                  }
                ]
              }
            ],
            "log_analytics_destination_type": "",
            "log_analytics_workspace_id": "/subscriptions/82f6d75e-85f4-434a-ab74-5dddd9fa8910/resourceGroups/rg-lzaks-management/providers/Microsoft.OperationalInsights/workspaces/loganalyticsforaks011",
            "metric": [],
            "name": "diagnostic-settings",
            "partner_solution_id": null,
            "storage_account_id": null,
            "target_resource_id": "/subscriptions/82f6d75e-85f4-434a-ab74-5dddd9fa8910/resourceGroups/rg-lzaks-spoke-aks-infra/providers/Microsoft.Network/networkSecurityGroups/vnet-spoke-aks-subnet-nodes-nsg-westeurope",
            "timeouts": null
          },
          "sensitive_attributes": [],
          "private": "eyJlMmJmYjczMC1lY2FhLTExZTYtOGY4OC0zNDM2M2JjN2M0YzAiOnsiY3JlYXRlIjoxODAwMDAwMDAwMDAwLCJkZWxldGUiOjM2MDAwMDAwMDAwMDAsInJlYWQiOjMwMDAwMDAwMDAwMCwidXBkYXRlIjoxODAwMDAwMDAwMDAwfX0=",
          "dependencies": [
            "data.azurerm_resources.resources_ds",
            "data.terraform_remote_state.management",
            "module.diagnostic_setting.data.azurerm_monitor_diagnostic_categories.categories"
          ]
        }
      ]
    },
    {
      "module": "module.diagnostic_setting[\"/subscriptions/82f6d75e-85f4-434a-ab74-5dddd9fa8910/resourceGroups/rg-lzaks-spoke-aks-infra/providers/Microsoft.Network/networkSecurityGroups/vnet-spoke-aks-subnet-nodes-poolappsarm-nsg-westeurope\"]",
      "mode": "data",
      "type": "azurerm_monitor_diagnostic_categories",
      "name": "categories",
      "provider": "provider[\"registry.terraform.io/hashicorp/azurerm\"]",
      "instances": [
        {
          "schema_version": 0,
          "attributes": {
            "id": "/subscriptions/82f6d75e-85f4-434a-ab74-5dddd9fa8910/resourceGroups/rg-lzaks-spoke-aks-infra/providers/Microsoft.Network/networkSecurityGroups/vnet-spoke-aks-subnet-nodes-poolappsarm-nsg-westeurope",
            "log_category_groups": [
              "allLogs"
            ],
            "log_category_types": [
              "NetworkSecurityGroupEvent",
              "NetworkSecurityGroupRuleCounter"
            ],
            "logs": [
              "NetworkSecurityGroupEvent",
              "NetworkSecurityGroupRuleCounter"
            ],
            "metrics": [],
            "resource_id": "/subscriptions/82f6d75e-85f4-434a-ab74-5dddd9fa8910/resourceGroups/rg-lzaks-spoke-aks-infra/providers/Microsoft.Network/networkSecurityGroups/vnet-spoke-aks-subnet-nodes-poolappsarm-nsg-westeurope",
            "timeouts": null
          },
          "sensitive_attributes": []
        }
      ]
    },
    {
      "module": "module.diagnostic_setting[\"/subscriptions/82f6d75e-85f4-434a-ab74-5dddd9fa8910/resourceGroups/rg-lzaks-spoke-aks-infra/providers/Microsoft.Network/networkSecurityGroups/vnet-spoke-aks-subnet-nodes-poolappsarm-nsg-westeurope\"]",
      "mode": "managed",
      "type": "azurerm_monitor_diagnostic_setting",
      "name": "diagnostic_settings",
      "provider": "provider[\"registry.terraform.io/hashicorp/azurerm\"]",
      "instances": [
        {
          "schema_version": 0,
          "attributes": {
            "enabled_log": [
              {
                "category": "NetworkSecurityGroupEvent",
                "category_group": "",
                "retention_policy": [
                  {
                    "days": 7,
                    "enabled": true
                  }
                ]
              },
              {
                "category": "NetworkSecurityGroupRuleCounter",
                "category_group": "",
                "retention_policy": [
                  {
                    "days": 7,
                    "enabled": true
                  }
                ]
              }
            ],
            "eventhub_authorization_rule_id": "",
            "eventhub_name": "",
            "id": "/subscriptions/82f6d75e-85f4-434a-ab74-5dddd9fa8910/resourceGroups/rg-lzaks-spoke-aks-infra/providers/Microsoft.Network/networkSecurityGroups/vnet-spoke-aks-subnet-nodes-poolappsarm-nsg-westeurope|diagnostic-settings",
            "log": [
              {
                "category": "NetworkSecurityGroupEvent",
                "category_group": "",
                "enabled": true,
                "retention_policy": [
                  {
                    "days": 7,
                    "enabled": true
                  }
                ]
              },
              {
                "category": "NetworkSecurityGroupRuleCounter",
                "category_group": "",
                "enabled": true,
                "retention_policy": [
                  {
                    "days": 7,
                    "enabled": true
                  }
                ]
              }
            ],
            "log_analytics_destination_type": "",
            "log_analytics_workspace_id": "/subscriptions/82f6d75e-85f4-434a-ab74-5dddd9fa8910/resourceGroups/rg-lzaks-management/providers/Microsoft.OperationalInsights/workspaces/loganalyticsforaks011",
            "metric": [],
            "name": "diagnostic-settings",
            "partner_solution_id": null,
            "storage_account_id": null,
            "target_resource_id": "/subscriptions/82f6d75e-85f4-434a-ab74-5dddd9fa8910/resourceGroups/rg-lzaks-spoke-aks-infra/providers/Microsoft.Network/networkSecurityGroups/vnet-spoke-aks-subnet-nodes-poolappsarm-nsg-westeurope",
            "timeouts": null
          },
          "sensitive_attributes": [],
          "private": "eyJlMmJmYjczMC1lY2FhLTExZTYtOGY4OC0zNDM2M2JjN2M0YzAiOnsiY3JlYXRlIjoxODAwMDAwMDAwMDAwLCJkZWxldGUiOjM2MDAwMDAwMDAwMDAsInJlYWQiOjMwMDAwMDAwMDAwMCwidXBkYXRlIjoxODAwMDAwMDAwMDAwfX0=",
          "dependencies": [
            "data.azurerm_resources.resources_ds",
            "data.terraform_remote_state.management",
            "module.diagnostic_setting.data.azurerm_monitor_diagnostic_categories.categories"
          ]
        }
      ]
    },
    {
      "module": "module.diagnostic_setting[\"/subscriptions/82f6d75e-85f4-434a-ab74-5dddd9fa8910/resourceGroups/rg-lzaks-spoke-aks-infra/providers/Microsoft.Network/networkSecurityGroups/vnet-spoke-aks-subnet-pods-nsg-westeurope\"]",
      "mode": "data",
      "type": "azurerm_monitor_diagnostic_categories",
      "name": "categories",
      "provider": "provider[\"registry.terraform.io/hashicorp/azurerm\"]",
      "instances": [
        {
          "schema_version": 0,
          "attributes": {
            "id": "/subscriptions/82f6d75e-85f4-434a-ab74-5dddd9fa8910/resourceGroups/rg-lzaks-spoke-aks-infra/providers/Microsoft.Network/networkSecurityGroups/vnet-spoke-aks-subnet-pods-nsg-westeurope",
            "log_category_groups": [
              "allLogs"
            ],
            "log_category_types": [
              "NetworkSecurityGroupEvent",
              "NetworkSecurityGroupRuleCounter"
            ],
            "logs": [
              "NetworkSecurityGroupEvent",
              "NetworkSecurityGroupRuleCounter"
            ],
            "metrics": [],
            "resource_id": "/subscriptions/82f6d75e-85f4-434a-ab74-5dddd9fa8910/resourceGroups/rg-lzaks-spoke-aks-infra/providers/Microsoft.Network/networkSecurityGroups/vnet-spoke-aks-subnet-pods-nsg-westeurope",
            "timeouts": null
          },
          "sensitive_attributes": []
        }
      ]
    },
    {
      "module": "module.diagnostic_setting[\"/subscriptions/82f6d75e-85f4-434a-ab74-5dddd9fa8910/resourceGroups/rg-lzaks-spoke-aks-infra/providers/Microsoft.Network/networkSecurityGroups/vnet-spoke-aks-subnet-pods-nsg-westeurope\"]",
      "mode": "managed",
      "type": "azurerm_monitor_diagnostic_setting",
      "name": "diagnostic_settings",
      "provider": "provider[\"registry.terraform.io/hashicorp/azurerm\"]",
      "instances": [
        {
          "schema_version": 0,
          "attributes": {
            "enabled_log": [
              {
                "category": "NetworkSecurityGroupEvent",
                "category_group": "",
                "retention_policy": [
                  {
                    "days": 7,
                    "enabled": true
                  }
                ]
              },
              {
                "category": "NetworkSecurityGroupRuleCounter",
                "category_group": "",
                "retention_policy": [
                  {
                    "days": 7,
                    "enabled": true
                  }
                ]
              }
            ],
            "eventhub_authorization_rule_id": "",
            "eventhub_name": "",
            "id": "/subscriptions/82f6d75e-85f4-434a-ab74-5dddd9fa8910/resourceGroups/rg-lzaks-spoke-aks-infra/providers/Microsoft.Network/networkSecurityGroups/vnet-spoke-aks-subnet-pods-nsg-westeurope|diagnostic-settings",
            "log": [
              {
                "category": "NetworkSecurityGroupEvent",
                "category_group": "",
                "enabled": true,
                "retention_policy": [
                  {
                    "days": 7,
                    "enabled": true
                  }
                ]
              },
              {
                "category": "NetworkSecurityGroupRuleCounter",
                "category_group": "",
                "enabled": true,
                "retention_policy": [
                  {
                    "days": 7,
                    "enabled": true
                  }
                ]
              }
            ],
            "log_analytics_destination_type": "",
            "log_analytics_workspace_id": "/subscriptions/82f6d75e-85f4-434a-ab74-5dddd9fa8910/resourceGroups/rg-lzaks-management/providers/Microsoft.OperationalInsights/workspaces/loganalyticsforaks011",
            "metric": [],
            "name": "diagnostic-settings",
            "partner_solution_id": null,
            "storage_account_id": null,
            "target_resource_id": "/subscriptions/82f6d75e-85f4-434a-ab74-5dddd9fa8910/resourceGroups/rg-lzaks-spoke-aks-infra/providers/Microsoft.Network/networkSecurityGroups/vnet-spoke-aks-subnet-pods-nsg-westeurope",
            "timeouts": null
          },
          "sensitive_attributes": [],
          "private": "eyJlMmJmYjczMC1lY2FhLTExZTYtOGY4OC0zNDM2M2JjN2M0YzAiOnsiY3JlYXRlIjoxODAwMDAwMDAwMDAwLCJkZWxldGUiOjM2MDAwMDAwMDAwMDAsInJlYWQiOjMwMDAwMDAwMDAwMCwidXBkYXRlIjoxODAwMDAwMDAwMDAwfX0=",
          "dependencies": [
            "data.azurerm_resources.resources_ds",
            "data.terraform_remote_state.management",
            "module.diagnostic_setting.data.azurerm_monitor_diagnostic_categories.categories"
          ]
        }
      ]
    },
    {
      "module": "module.diagnostic_setting[\"/subscriptions/82f6d75e-85f4-434a-ab74-5dddd9fa8910/resourceGroups/rg-lzaks-spoke-aks-infra/providers/Microsoft.Network/networkSecurityGroups/vnet-spoke-aks-subnet-pods-poolappsarm-nsg-westeurope\"]",
      "mode": "data",
      "type": "azurerm_monitor_diagnostic_categories",
      "name": "categories",
      "provider": "provider[\"registry.terraform.io/hashicorp/azurerm\"]",
      "instances": [
        {
          "schema_version": 0,
          "attributes": {
            "id": "/subscriptions/82f6d75e-85f4-434a-ab74-5dddd9fa8910/resourceGroups/rg-lzaks-spoke-aks-infra/providers/Microsoft.Network/networkSecurityGroups/vnet-spoke-aks-subnet-pods-poolappsarm-nsg-westeurope",
            "log_category_groups": [
              "allLogs"
            ],
            "log_category_types": [
              "NetworkSecurityGroupEvent",
              "NetworkSecurityGroupRuleCounter"
            ],
            "logs": [
              "NetworkSecurityGroupEvent",
              "NetworkSecurityGroupRuleCounter"
            ],
            "metrics": [],
            "resource_id": "/subscriptions/82f6d75e-85f4-434a-ab74-5dddd9fa8910/resourceGroups/rg-lzaks-spoke-aks-infra/providers/Microsoft.Network/networkSecurityGroups/vnet-spoke-aks-subnet-pods-poolappsarm-nsg-westeurope",
            "timeouts": null
          },
          "sensitive_attributes": []
        }
      ]
    },
    {
      "module": "module.diagnostic_setting[\"/subscriptions/82f6d75e-85f4-434a-ab74-5dddd9fa8910/resourceGroups/rg-lzaks-spoke-aks-infra/providers/Microsoft.Network/networkSecurityGroups/vnet-spoke-aks-subnet-pods-poolappsarm-nsg-westeurope\"]",
      "mode": "managed",
      "type": "azurerm_monitor_diagnostic_setting",
      "name": "diagnostic_settings",
      "provider": "provider[\"registry.terraform.io/hashicorp/azurerm\"]",
      "instances": [
        {
          "schema_version": 0,
          "attributes": {
            "enabled_log": [
              {
                "category": "NetworkSecurityGroupEvent",
                "category_group": "",
                "retention_policy": [
                  {
                    "days": 7,
                    "enabled": true
                  }
                ]
              },
              {
                "category": "NetworkSecurityGroupRuleCounter",
                "category_group": "",
                "retention_policy": [
                  {
                    "days": 7,
                    "enabled": true
                  }
                ]
              }
            ],
            "eventhub_authorization_rule_id": "",
            "eventhub_name": "",
            "id": "/subscriptions/82f6d75e-85f4-434a-ab74-5dddd9fa8910/resourceGroups/rg-lzaks-spoke-aks-infra/providers/Microsoft.Network/networkSecurityGroups/vnet-spoke-aks-subnet-pods-poolappsarm-nsg-westeurope|diagnostic-settings",
            "log": [
              {
                "category": "NetworkSecurityGroupEvent",
                "category_group": "",
                "enabled": true,
                "retention_policy": [
                  {
                    "days": 7,
                    "enabled": true
                  }
                ]
              },
              {
                "category": "NetworkSecurityGroupRuleCounter",
                "category_group": "",
                "enabled": true,
                "retention_policy": [
                  {
                    "days": 7,
                    "enabled": true
                  }
                ]
              }
            ],
            "log_analytics_destination_type": "",
            "log_analytics_workspace_id": "/subscriptions/82f6d75e-85f4-434a-ab74-5dddd9fa8910/resourceGroups/rg-lzaks-management/providers/Microsoft.OperationalInsights/workspaces/loganalyticsforaks011",
            "metric": [],
            "name": "diagnostic-settings",
            "partner_solution_id": null,
            "storage_account_id": null,
            "target_resource_id": "/subscriptions/82f6d75e-85f4-434a-ab74-5dddd9fa8910/resourceGroups/rg-lzaks-spoke-aks-infra/providers/Microsoft.Network/networkSecurityGroups/vnet-spoke-aks-subnet-pods-poolappsarm-nsg-westeurope",
            "timeouts": null
          },
          "sensitive_attributes": [],
          "private": "eyJlMmJmYjczMC1lY2FhLTExZTYtOGY4OC0zNDM2M2JjN2M0YzAiOnsiY3JlYXRlIjoxODAwMDAwMDAwMDAwLCJkZWxldGUiOjM2MDAwMDAwMDAwMDAsInJlYWQiOjMwMDAwMDAwMDAwMCwidXBkYXRlIjoxODAwMDAwMDAwMDAwfX0=",
          "dependencies": [
            "data.azurerm_resources.resources_ds",
            "data.terraform_remote_state.management",
            "module.diagnostic_setting.data.azurerm_monitor_diagnostic_categories.categories"
          ]
        }
      ]
    },
    {
      "module": "module.diagnostic_setting[\"/subscriptions/82f6d75e-85f4-434a-ab74-5dddd9fa8910/resourceGroups/rg-lzaks-spoke-aks-infra/providers/Microsoft.Network/networkSecurityGroups/vnet-spoke-aks-subnet-spoke-aks-pe-nsg-westeurope\"]",
      "mode": "data",
      "type": "azurerm_monitor_diagnostic_categories",
      "name": "categories",
      "provider": "provider[\"registry.terraform.io/hashicorp/azurerm\"]",
      "instances": [
        {
          "schema_version": 0,
          "attributes": {
            "id": "/subscriptions/82f6d75e-85f4-434a-ab74-5dddd9fa8910/resourceGroups/rg-lzaks-spoke-aks-infra/providers/Microsoft.Network/networkSecurityGroups/vnet-spoke-aks-subnet-spoke-aks-pe-nsg-westeurope",
            "log_category_groups": [
              "allLogs"
            ],
            "log_category_types": [
              "NetworkSecurityGroupEvent",
              "NetworkSecurityGroupRuleCounter"
            ],
            "logs": [
              "NetworkSecurityGroupEvent",
              "NetworkSecurityGroupRuleCounter"
            ],
            "metrics": [],
            "resource_id": "/subscriptions/82f6d75e-85f4-434a-ab74-5dddd9fa8910/resourceGroups/rg-lzaks-spoke-aks-infra/providers/Microsoft.Network/networkSecurityGroups/vnet-spoke-aks-subnet-spoke-aks-pe-nsg-westeurope",
            "timeouts": null
          },
          "sensitive_attributes": []
        }
      ]
    },
    {
      "module": "module.diagnostic_setting[\"/subscriptions/82f6d75e-85f4-434a-ab74-5dddd9fa8910/resourceGroups/rg-lzaks-spoke-aks-infra/providers/Microsoft.Network/networkSecurityGroups/vnet-spoke-aks-subnet-spoke-aks-pe-nsg-westeurope\"]",
      "mode": "managed",
      "type": "azurerm_monitor_diagnostic_setting",
      "name": "diagnostic_settings",
      "provider": "provider[\"registry.terraform.io/hashicorp/azurerm\"]",
      "instances": [
        {
          "schema_version": 0,
          "attributes": {
            "enabled_log": [
              {
                "category": "NetworkSecurityGroupEvent",
                "category_group": "",
                "retention_policy": [
                  {
                    "days": 7,
                    "enabled": true
                  }
                ]
              },
              {
                "category": "NetworkSecurityGroupRuleCounter",
                "category_group": "",
                "retention_policy": [
                  {
                    "days": 7,
                    "enabled": true
                  }
                ]
              }
            ],
            "eventhub_authorization_rule_id": "",
            "eventhub_name": "",
            "id": "/subscriptions/82f6d75e-85f4-434a-ab74-5dddd9fa8910/resourceGroups/rg-lzaks-spoke-aks-infra/providers/Microsoft.Network/networkSecurityGroups/vnet-spoke-aks-subnet-spoke-aks-pe-nsg-westeurope|diagnostic-settings",
            "log": [
              {
                "category": "NetworkSecurityGroupEvent",
                "category_group": "",
                "enabled": true,
                "retention_policy": [
                  {
                    "days": 7,
                    "enabled": true
                  }
                ]
              },
              {
                "category": "NetworkSecurityGroupRuleCounter",
                "category_group": "",
                "enabled": true,
                "retention_policy": [
                  {
                    "days": 7,
                    "enabled": true
                  }
                ]
              }
            ],
            "log_analytics_destination_type": "",
            "log_analytics_workspace_id": "/subscriptions/82f6d75e-85f4-434a-ab74-5dddd9fa8910/resourceGroups/rg-lzaks-management/providers/Microsoft.OperationalInsights/workspaces/loganalyticsforaks011",
            "metric": [],
            "name": "diagnostic-settings",
            "partner_solution_id": null,
            "storage_account_id": null,
            "target_resource_id": "/subscriptions/82f6d75e-85f4-434a-ab74-5dddd9fa8910/resourceGroups/rg-lzaks-spoke-aks-infra/providers/Microsoft.Network/networkSecurityGroups/vnet-spoke-aks-subnet-spoke-aks-pe-nsg-westeurope",
            "timeouts": null
          },
          "sensitive_attributes": [],
          "private": "eyJlMmJmYjczMC1lY2FhLTExZTYtOGY4OC0zNDM2M2JjN2M0YzAiOnsiY3JlYXRlIjoxODAwMDAwMDAwMDAwLCJkZWxldGUiOjM2MDAwMDAwMDAwMDAsInJlYWQiOjMwMDAwMDAwMDAwMCwidXBkYXRlIjoxODAwMDAwMDAwMDAwfX0=",
          "dependencies": [
            "data.azurerm_resources.resources_ds",
            "data.terraform_remote_state.management",
            "module.diagnostic_setting.data.azurerm_monitor_diagnostic_categories.categories"
          ]
        }
      ]
    },
    {
      "module": "module.diagnostic_setting[\"/subscriptions/82f6d75e-85f4-434a-ab74-5dddd9fa8910/resourceGroups/rg-lzaks-spoke-aks-infra/providers/Microsoft.Network/publicIPAddresses/public-ip-appgw\"]",
      "mode": "data",
      "type": "azurerm_monitor_diagnostic_categories",
      "name": "categories",
      "provider": "provider[\"registry.terraform.io/hashicorp/azurerm\"]",
      "instances": [
        {
          "schema_version": 0,
          "attributes": {
            "id": "/subscriptions/82f6d75e-85f4-434a-ab74-5dddd9fa8910/resourceGroups/rg-lzaks-spoke-aks-infra/providers/Microsoft.Network/publicIPAddresses/public-ip-appgw",
            "log_category_groups": [
              "allLogs",
              "audit"
            ],
            "log_category_types": [
              "DDoSMitigationFlowLogs",
              "DDoSMitigationReports",
              "DDoSProtectionNotifications"
            ],
            "logs": [
              "DDoSMitigationFlowLogs",
              "DDoSMitigationReports",
              "DDoSProtectionNotifications"
            ],
            "metrics": [
              "AllMetrics"
            ],
            "resource_id": "/subscriptions/82f6d75e-85f4-434a-ab74-5dddd9fa8910/resourceGroups/rg-lzaks-spoke-aks-infra/providers/Microsoft.Network/publicIPAddresses/public-ip-appgw",
            "timeouts": null
          },
          "sensitive_attributes": []
        }
      ]
    },
    {
      "module": "module.diagnostic_setting[\"/subscriptions/82f6d75e-85f4-434a-ab74-5dddd9fa8910/resourceGroups/rg-lzaks-spoke-aks-infra/providers/Microsoft.Network/publicIPAddresses/public-ip-appgw\"]",
      "mode": "managed",
      "type": "azurerm_monitor_diagnostic_setting",
      "name": "diagnostic_settings",
      "provider": "provider[\"registry.terraform.io/hashicorp/azurerm\"]",
      "instances": [
        {
          "schema_version": 0,
          "attributes": {
            "enabled_log": [
              {
                "category": "DDoSMitigationFlowLogs",
                "category_group": "",
                "retention_policy": [
                  {
                    "days": 7,
                    "enabled": true
                  }
                ]
              },
              {
                "category": "DDoSMitigationReports",
                "category_group": "",
                "retention_policy": [
                  {
                    "days": 7,
                    "enabled": true
                  }
                ]
              },
              {
                "category": "DDoSProtectionNotifications",
                "category_group": "",
                "retention_policy": [
                  {
                    "days": 7,
                    "enabled": true
                  }
                ]
              }
            ],
            "eventhub_authorization_rule_id": "",
            "eventhub_name": "",
            "id": "/subscriptions/82f6d75e-85f4-434a-ab74-5dddd9fa8910/resourceGroups/rg-lzaks-spoke-aks-infra/providers/Microsoft.Network/publicIPAddresses/public-ip-appgw|diagnostic-settings",
            "log": [
              {
                "category": "DDoSMitigationFlowLogs",
                "category_group": "",
                "enabled": true,
                "retention_policy": [
                  {
                    "days": 7,
                    "enabled": true
                  }
                ]
              },
              {
                "category": "DDoSMitigationReports",
                "category_group": "",
                "enabled": true,
                "retention_policy": [
                  {
                    "days": 7,
                    "enabled": true
                  }
                ]
              },
              {
                "category": "DDoSProtectionNotifications",
                "category_group": "",
                "enabled": true,
                "retention_policy": [
                  {
                    "days": 7,
                    "enabled": true
                  }
                ]
              }
            ],
            "log_analytics_destination_type": "",
            "log_analytics_workspace_id": "/subscriptions/82f6d75e-85f4-434a-ab74-5dddd9fa8910/resourceGroups/rg-lzaks-management/providers/Microsoft.OperationalInsights/workspaces/loganalyticsforaks011",
            "metric": [
              {
                "category": "AllMetrics",
                "enabled": true,
                "retention_policy": [
                  {
                    "days": 7,
                    "enabled": true
                  }
                ]
              }
            ],
            "name": "diagnostic-settings",
            "partner_solution_id": null,
            "storage_account_id": null,
            "target_resource_id": "/subscriptions/82f6d75e-85f4-434a-ab74-5dddd9fa8910/resourceGroups/rg-lzaks-spoke-aks-infra/providers/Microsoft.Network/publicIPAddresses/public-ip-appgw",
            "timeouts": null
          },
          "sensitive_attributes": [],
          "private": "eyJlMmJmYjczMC1lY2FhLTExZTYtOGY4OC0zNDM2M2JjN2M0YzAiOnsiY3JlYXRlIjoxODAwMDAwMDAwMDAwLCJkZWxldGUiOjM2MDAwMDAwMDAwMDAsInJlYWQiOjMwMDAwMDAwMDAwMCwidXBkYXRlIjoxODAwMDAwMDAwMDAwfX0=",
          "dependencies": [
            "data.azurerm_resources.resources_ds",
            "data.terraform_remote_state.management",
            "module.diagnostic_setting.data.azurerm_monitor_diagnostic_categories.categories"
          ]
        }
      ]
    },
    {
      "module": "module.diagnostic_setting[\"/subscriptions/82f6d75e-85f4-434a-ab74-5dddd9fa8910/resourceGroups/rg-lzaks-spoke-aks-infra/providers/Microsoft.Network/virtualNetworks/vnet-spoke-aks\"]",
      "mode": "data",
      "type": "azurerm_monitor_diagnostic_categories",
      "name": "categories",
      "provider": "provider[\"registry.terraform.io/hashicorp/azurerm\"]",
      "instances": [
        {
          "schema_version": 0,
          "attributes": {
            "id": "/subscriptions/82f6d75e-85f4-434a-ab74-5dddd9fa8910/resourceGroups/rg-lzaks-spoke-aks-infra/providers/Microsoft.Network/virtualNetworks/vnet-spoke-aks",
            "log_category_groups": [
              "allLogs"
            ],
            "log_category_types": [
              "VMProtectionAlerts"
            ],
            "logs": [
              "VMProtectionAlerts"
            ],
            "metrics": [
              "AllMetrics"
            ],
            "resource_id": "/subscriptions/82f6d75e-85f4-434a-ab74-5dddd9fa8910/resourceGroups/rg-lzaks-spoke-aks-infra/providers/Microsoft.Network/virtualNetworks/vnet-spoke-aks",
            "timeouts": null
          },
          "sensitive_attributes": []
        }
      ]
    },
    {
      "module": "module.diagnostic_setting[\"/subscriptions/82f6d75e-85f4-434a-ab74-5dddd9fa8910/resourceGroups/rg-lzaks-spoke-aks-infra/providers/Microsoft.Network/virtualNetworks/vnet-spoke-aks\"]",
      "mode": "managed",
      "type": "azurerm_monitor_diagnostic_setting",
      "name": "diagnostic_settings",
      "provider": "provider[\"registry.terraform.io/hashicorp/azurerm\"]",
      "instances": [
        {
          "schema_version": 0,
          "attributes": {
            "enabled_log": [
              {
                "category": "VMProtectionAlerts",
                "category_group": "",
                "retention_policy": [
                  {
                    "days": 7,
                    "enabled": true
                  }
                ]
              }
            ],
            "eventhub_authorization_rule_id": "",
            "eventhub_name": "",
            "id": "/subscriptions/82f6d75e-85f4-434a-ab74-5dddd9fa8910/resourceGroups/rg-lzaks-spoke-aks-infra/providers/Microsoft.Network/virtualNetworks/vnet-spoke-aks|diagnostic-settings",
            "log": [
              {
                "category": "VMProtectionAlerts",
                "category_group": "",
                "enabled": true,
                "retention_policy": [
                  {
                    "days": 7,
                    "enabled": true
                  }
                ]
              }
            ],
            "log_analytics_destination_type": "",
            "log_analytics_workspace_id": "/subscriptions/82f6d75e-85f4-434a-ab74-5dddd9fa8910/resourceGroups/rg-lzaks-management/providers/Microsoft.OperationalInsights/workspaces/loganalyticsforaks011",
            "metric": [
              {
                "category": "AllMetrics",
                "enabled": true,
                "retention_policy": [
                  {
                    "days": 7,
                    "enabled": true
                  }
                ]
              }
            ],
            "name": "diagnostic-settings",
            "partner_solution_id": null,
            "storage_account_id": null,
            "target_resource_id": "/subscriptions/82f6d75e-85f4-434a-ab74-5dddd9fa8910/resourceGroups/rg-lzaks-spoke-aks-infra/providers/Microsoft.Network/virtualNetworks/vnet-spoke-aks",
            "timeouts": null
          },
          "sensitive_attributes": [],
          "private": "eyJlMmJmYjczMC1lY2FhLTExZTYtOGY4OC0zNDM2M2JjN2M0YzAiOnsiY3JlYXRlIjoxODAwMDAwMDAwMDAwLCJkZWxldGUiOjM2MDAwMDAwMDAwMDAsInJlYWQiOjMwMDAwMDAwMDAwMCwidXBkYXRlIjoxODAwMDAwMDAwMDAwfX0=",
          "dependencies": [
            "data.azurerm_resources.resources_ds",
            "data.terraform_remote_state.management",
            "module.diagnostic_setting.data.azurerm_monitor_diagnostic_categories.categories"
          ]
        }
      ]
    },
    {
      "module": "module.diagnostic_setting[\"/subscriptions/82f6d75e-85f4-434a-ab74-5dddd9fa8910/resourceGroups/rg-lzaks-spoke-aks-infra/providers/Microsoft.Storage/storageAccounts/storageforaks01357\"]",
      "mode": "data",
      "type": "azurerm_monitor_diagnostic_categories",
      "name": "categories",
      "provider": "provider[\"registry.terraform.io/hashicorp/azurerm\"]",
      "instances": [
        {
          "schema_version": 0,
          "attributes": {
            "id": "/subscriptions/82f6d75e-85f4-434a-ab74-5dddd9fa8910/resourceGroups/rg-lzaks-spoke-aks-infra/providers/Microsoft.Storage/storageAccounts/storageforaks01357",
            "log_category_groups": [],
            "log_category_types": [],
            "logs": [],
            "metrics": [
              "Capacity",
              "Transaction"
            ],
            "resource_id": "/subscriptions/82f6d75e-85f4-434a-ab74-5dddd9fa8910/resourceGroups/rg-lzaks-spoke-aks-infra/providers/Microsoft.Storage/storageAccounts/storageforaks01357",
            "timeouts": null
          },
          "sensitive_attributes": []
        }
      ]
    },
    {
      "module": "module.diagnostic_setting[\"/subscriptions/82f6d75e-85f4-434a-ab74-5dddd9fa8910/resourceGroups/rg-lzaks-spoke-aks-infra/providers/Microsoft.Storage/storageAccounts/storageforaks01357\"]",
      "mode": "managed",
      "type": "azurerm_monitor_diagnostic_setting",
      "name": "diagnostic_settings",
      "provider": "provider[\"registry.terraform.io/hashicorp/azurerm\"]",
      "instances": [
        {
          "schema_version": 0,
          "attributes": {
            "enabled_log": [],
            "eventhub_authorization_rule_id": "",
            "eventhub_name": "",
            "id": "/subscriptions/82f6d75e-85f4-434a-ab74-5dddd9fa8910/resourceGroups/rg-lzaks-spoke-aks-infra/providers/Microsoft.Storage/storageAccounts/storageforaks01357|diagnostic-settings",
            "log": [],
            "log_analytics_destination_type": "",
            "log_analytics_workspace_id": "/subscriptions/82f6d75e-85f4-434a-ab74-5dddd9fa8910/resourceGroups/rg-lzaks-management/providers/Microsoft.OperationalInsights/workspaces/loganalyticsforaks011",
            "metric": [
              {
                "category": "Capacity",
                "enabled": true,
                "retention_policy": [
                  {
                    "days": 7,
                    "enabled": true
                  }
                ]
              },
              {
                "category": "Transaction",
                "enabled": true,
                "retention_policy": [
                  {
                    "days": 7,
                    "enabled": true
                  }
                ]
              }
            ],
            "name": "diagnostic-settings",
            "partner_solution_id": null,
            "storage_account_id": null,
            "target_resource_id": "/subscriptions/82f6d75e-85f4-434a-ab74-5dddd9fa8910/resourceGroups/rg-lzaks-spoke-aks-infra/providers/Microsoft.Storage/storageAccounts/storageforaks01357",
            "timeouts": null
          },
          "sensitive_attributes": [],
          "private": "eyJlMmJmYjczMC1lY2FhLTExZTYtOGY4OC0zNDM2M2JjN2M0YzAiOnsiY3JlYXRlIjoxODAwMDAwMDAwMDAwLCJkZWxldGUiOjM2MDAwMDAwMDAwMDAsInJlYWQiOjMwMDAwMDAwMDAwMCwidXBkYXRlIjoxODAwMDAwMDAwMDAwfX0=",
          "dependencies": [
            "data.azurerm_resources.resources_ds",
            "data.terraform_remote_state.management",
            "module.diagnostic_setting.data.azurerm_monitor_diagnostic_categories.categories"
          ]
        }
      ]
    },
    {
      "module": "module.diagnostic_setting[\"/subscriptions/82f6d75e-85f4-434a-ab74-5dddd9fa8910/resourceGroups/rg-lzaks-spoke-aks-nodes/providers/Microsoft.Network/loadBalancers/kube-apiserver\"]",
      "mode": "data",
      "type": "azurerm_monitor_diagnostic_categories",
      "name": "categories",
      "provider": "provider[\"registry.terraform.io/hashicorp/azurerm\"]",
      "instances": [
        {
          "schema_version": 0,
          "attributes": {
            "id": "/subscriptions/82f6d75e-85f4-434a-ab74-5dddd9fa8910/resourceGroups/rg-lzaks-spoke-aks-nodes/providers/Microsoft.Network/loadBalancers/kube-apiserver",
            "log_category_groups": [
              "allLogs"
            ],
            "log_category_types": [
              "LoadBalancerAlertEvent",
              "LoadBalancerProbeHealthStatus"
            ],
            "logs": [
              "LoadBalancerAlertEvent",
              "LoadBalancerProbeHealthStatus"
            ],
            "metrics": [
              "AllMetrics"
            ],
            "resource_id": "/subscriptions/82f6d75e-85f4-434a-ab74-5dddd9fa8910/resourceGroups/rg-lzaks-spoke-aks-nodes/providers/Microsoft.Network/loadBalancers/kube-apiserver",
            "timeouts": null
          },
          "sensitive_attributes": []
        }
      ]
    },
    {
      "module": "module.diagnostic_setting[\"/subscriptions/82f6d75e-85f4-434a-ab74-5dddd9fa8910/resourceGroups/rg-lzaks-spoke-aks-nodes/providers/Microsoft.Network/loadBalancers/kube-apiserver\"]",
      "mode": "managed",
      "type": "azurerm_monitor_diagnostic_setting",
      "name": "diagnostic_settings",
      "provider": "provider[\"registry.terraform.io/hashicorp/azurerm\"]",
      "instances": [
        {
          "schema_version": 0,
          "attributes": {
            "enabled_log": [
              {
                "category": "LoadBalancerAlertEvent",
                "category_group": "",
                "retention_policy": [
                  {
                    "days": 7,
                    "enabled": true
                  }
                ]
              },
              {
                "category": "LoadBalancerProbeHealthStatus",
                "category_group": "",
                "retention_policy": [
                  {
                    "days": 7,
                    "enabled": true
                  }
                ]
              }
            ],
            "eventhub_authorization_rule_id": "",
            "eventhub_name": "",
            "id": "/subscriptions/82f6d75e-85f4-434a-ab74-5dddd9fa8910/resourceGroups/rg-lzaks-spoke-aks-nodes/providers/Microsoft.Network/loadBalancers/kube-apiserver|diagnostic-settings",
            "log": [
              {
                "category": "LoadBalancerAlertEvent",
                "category_group": "",
                "enabled": true,
                "retention_policy": [
                  {
                    "days": 7,
                    "enabled": true
                  }
                ]
              },
              {
                "category": "LoadBalancerProbeHealthStatus",
                "category_group": "",
                "enabled": true,
                "retention_policy": [
                  {
                    "days": 7,
                    "enabled": true
                  }
                ]
              }
            ],
            "log_analytics_destination_type": "",
            "log_analytics_workspace_id": "/subscriptions/82f6d75e-85f4-434a-ab74-5dddd9fa8910/resourceGroups/rg-lzaks-management/providers/Microsoft.OperationalInsights/workspaces/loganalyticsforaks011",
            "metric": [
              {
                "category": "AllMetrics",
                "enabled": true,
                "retention_policy": [
                  {
                    "days": 7,
                    "enabled": true
                  }
                ]
              }
            ],
            "name": "diagnostic-settings",
            "partner_solution_id": null,
            "storage_account_id": null,
            "target_resource_id": "/subscriptions/82f6d75e-85f4-434a-ab74-5dddd9fa8910/resourceGroups/rg-lzaks-spoke-aks-nodes/providers/Microsoft.Network/loadBalancers/kube-apiserver",
            "timeouts": null
          },
          "sensitive_attributes": [],
          "private": "eyJlMmJmYjczMC1lY2FhLTExZTYtOGY4OC0zNDM2M2JjN2M0YzAiOnsiY3JlYXRlIjoxODAwMDAwMDAwMDAwLCJkZWxldGUiOjM2MDAwMDAwMDAwMDAsInJlYWQiOjMwMDAwMDAwMDAwMCwidXBkYXRlIjoxODAwMDAwMDAwMDAwfX0=",
          "dependencies": [
            "data.azurerm_resources.resources_ds",
            "data.terraform_remote_state.management",
            "module.diagnostic_setting.data.azurerm_monitor_diagnostic_categories.categories"
          ]
        }
      ]
    },
    {
      "module": "module.diagnostic_setting[\"/subscriptions/82f6d75e-85f4-434a-ab74-5dddd9fa8910/resourceGroups/rg-lzaks-spoke-aks-nodes/providers/Microsoft.Network/networkSecurityGroups/aks-agentpool-35064155-nsg\"]",
      "mode": "data",
      "type": "azurerm_monitor_diagnostic_categories",
      "name": "categories",
      "provider": "provider[\"registry.terraform.io/hashicorp/azurerm\"]",
      "instances": [
        {
          "schema_version": 0,
          "attributes": {
            "id": "/subscriptions/82f6d75e-85f4-434a-ab74-5dddd9fa8910/resourceGroups/rg-lzaks-spoke-aks-nodes/providers/Microsoft.Network/networkSecurityGroups/aks-agentpool-35064155-nsg",
            "log_category_groups": [
              "allLogs"
            ],
            "log_category_types": [
              "NetworkSecurityGroupEvent",
              "NetworkSecurityGroupRuleCounter"
            ],
            "logs": [
              "NetworkSecurityGroupEvent",
              "NetworkSecurityGroupRuleCounter"
            ],
            "metrics": [],
            "resource_id": "/subscriptions/82f6d75e-85f4-434a-ab74-5dddd9fa8910/resourceGroups/rg-lzaks-spoke-aks-nodes/providers/Microsoft.Network/networkSecurityGroups/aks-agentpool-35064155-nsg",
            "timeouts": null
          },
          "sensitive_attributes": []
        }
      ]
    },
    {
      "module": "module.diagnostic_setting[\"/subscriptions/82f6d75e-85f4-434a-ab74-5dddd9fa8910/resourceGroups/rg-lzaks-spoke-aks-nodes/providers/Microsoft.Network/networkSecurityGroups/aks-agentpool-35064155-nsg\"]",
      "mode": "managed",
      "type": "azurerm_monitor_diagnostic_setting",
      "name": "diagnostic_settings",
      "provider": "provider[\"registry.terraform.io/hashicorp/azurerm\"]",
      "instances": [
        {
          "schema_version": 0,
          "attributes": {
            "enabled_log": [
              {
                "category": "NetworkSecurityGroupEvent",
                "category_group": "",
                "retention_policy": [
                  {
                    "days": 7,
                    "enabled": true
                  }
                ]
              },
              {
                "category": "NetworkSecurityGroupRuleCounter",
                "category_group": "",
                "retention_policy": [
                  {
                    "days": 7,
                    "enabled": true
                  }
                ]
              }
            ],
            "eventhub_authorization_rule_id": "",
            "eventhub_name": "",
            "id": "/subscriptions/82f6d75e-85f4-434a-ab74-5dddd9fa8910/resourceGroups/rg-lzaks-spoke-aks-nodes/providers/Microsoft.Network/networkSecurityGroups/aks-agentpool-35064155-nsg|diagnostic-settings",
            "log": [
              {
                "category": "NetworkSecurityGroupEvent",
                "category_group": "",
                "enabled": true,
                "retention_policy": [
                  {
                    "days": 7,
                    "enabled": true
                  }
                ]
              },
              {
                "category": "NetworkSecurityGroupRuleCounter",
                "category_group": "",
                "enabled": true,
                "retention_policy": [
                  {
                    "days": 7,
                    "enabled": true
                  }
                ]
              }
            ],
            "log_analytics_destination_type": "",
            "log_analytics_workspace_id": "/subscriptions/82f6d75e-85f4-434a-ab74-5dddd9fa8910/resourceGroups/rg-lzaks-management/providers/Microsoft.OperationalInsights/workspaces/loganalyticsforaks011",
            "metric": [],
            "name": "diagnostic-settings",
            "partner_solution_id": null,
            "storage_account_id": null,
            "target_resource_id": "/subscriptions/82f6d75e-85f4-434a-ab74-5dddd9fa8910/resourceGroups/rg-lzaks-spoke-aks-nodes/providers/Microsoft.Network/networkSecurityGroups/aks-agentpool-35064155-nsg",
            "timeouts": null
          },
          "sensitive_attributes": [],
          "private": "eyJlMmJmYjczMC1lY2FhLTExZTYtOGY4OC0zNDM2M2JjN2M0YzAiOnsiY3JlYXRlIjoxODAwMDAwMDAwMDAwLCJkZWxldGUiOjM2MDAwMDAwMDAwMDAsInJlYWQiOjMwMDAwMDAwMDAwMCwidXBkYXRlIjoxODAwMDAwMDAwMDAwfX0=",
          "dependencies": [
            "data.azurerm_resources.resources_ds",
            "data.terraform_remote_state.management",
            "module.diagnostic_setting.data.azurerm_monitor_diagnostic_categories.categories"
          ]
        }
      ]
    }
  ],
  "check_results": null
}
