{
  "version": 4,
  "terraform_version": "1.4.5",
  "serial": 54,
  "lineage": "90304c39-9f78-d051-0276-d4214778049b",
  "outputs": {
    "diagnostic_settings": {
      "value": [
        "/subscriptions/82f6d75e-85f4-434a-ab74-5dddd9fa8910/resourceGroups/rg-esp-hub-vm-linux/providers/Microsoft.Compute/virtualMachines/vm-jumpbox-linux",
        "/subscriptions/82f6d75e-85f4-434a-ab74-5dddd9fa8910/resourceGroups/rg-esp-hub-vm-linux/providers/Microsoft.Network/networkInterfaces/nic-vm",
        "/subscriptions/82f6d75e-85f4-434a-ab74-5dddd9fa8910/resourceGroups/rg-esp-hub-vm-windows/providers/Microsoft.Compute/virtualMachines/vm-jumpbox-win",
        "/subscriptions/82f6d75e-85f4-434a-ab74-5dddd9fa8910/resourceGroups/rg-esp-hub-vm-windows/providers/Microsoft.Network/networkInterfaces/nic-vm-jumpbox-windows",
        "/subscriptions/82f6d75e-85f4-434a-ab74-5dddd9fa8910/resourceGroups/rg-esp-hub/providers/Microsoft.Network/azureFirewalls/firewall-hub",
        "/subscriptions/82f6d75e-85f4-434a-ab74-5dddd9fa8910/resourceGroups/rg-esp-hub/providers/Microsoft.Network/bastionHosts/bastion-host",
        "/subscriptions/82f6d75e-85f4-434a-ab74-5dddd9fa8910/resourceGroups/rg-esp-hub/providers/Microsoft.Network/networkSecurityGroups/vnet-hub-AzureBastionSubnet-nsg-westeurope",
        "/subscriptions/82f6d75e-85f4-434a-ab74-5dddd9fa8910/resourceGroups/rg-esp-hub/providers/Microsoft.Network/networkSecurityGroups/vnet-hub-subnet-vm-nsg-westeurope",
        "/subscriptions/82f6d75e-85f4-434a-ab74-5dddd9fa8910/resourceGroups/rg-esp-hub/providers/Microsoft.Network/publicIPAddresses/public-ip-bastion",
        "/subscriptions/82f6d75e-85f4-434a-ab74-5dddd9fa8910/resourceGroups/rg-esp-hub/providers/Microsoft.Network/publicIPAddresses/public-ip-firewall",
        "/subscriptions/82f6d75e-85f4-434a-ab74-5dddd9fa8910/resourceGroups/rg-esp-hub/providers/Microsoft.Network/virtualNetworks/vnet-hub",
        "/subscriptions/82f6d75e-85f4-434a-ab74-5dddd9fa8910/resourceGroups/rg-esp-management/providers/Microsoft.OperationalInsights/workspaces/loganalyticsforaks011",
        "/subscriptions/82f6d75e-85f4-434a-ab74-5dddd9fa8910/resourceGroups/rg-esp-spoke-aks-cluster/providers/Microsoft.ContainerService/managedClusters/aks-esp-cluster",
        "/subscriptions/82f6d75e-85f4-434a-ab74-5dddd9fa8910/resourceGroups/rg-esp-spoke-aks-infra/providers/Microsoft.ContainerRegistry/registries/acrforakstf01357",
        "/subscriptions/82f6d75e-85f4-434a-ab74-5dddd9fa8910/resourceGroups/rg-esp-spoke-aks-infra/providers/Microsoft.KeyVault/vaults/kvforaks013579",
        "/subscriptions/82f6d75e-85f4-434a-ab74-5dddd9fa8910/resourceGroups/rg-esp-spoke-aks-infra/providers/Microsoft.Network/applicationGateways/appgw-aks",
        "/subscriptions/82f6d75e-85f4-434a-ab74-5dddd9fa8910/resourceGroups/rg-esp-spoke-aks-infra/providers/Microsoft.Network/networkInterfaces/private-endpoint-acr.nic.f10d3cbc-abaa-4f5a-ae53-2aaea645d262",
        "/subscriptions/82f6d75e-85f4-434a-ab74-5dddd9fa8910/resourceGroups/rg-esp-spoke-aks-infra/providers/Microsoft.Network/networkInterfaces/private-endpoint-keyvault.nic.805074f3-edd5-4e94-9842-b87d01adc5d5",
        "/subscriptions/82f6d75e-85f4-434a-ab74-5dddd9fa8910/resourceGroups/rg-esp-spoke-aks-infra/providers/Microsoft.Network/networkInterfaces/private-endpoint-storage.nic.7e4c08e8-e267-4635-aa61-d91836b3488e",
        "/subscriptions/82f6d75e-85f4-434a-ab74-5dddd9fa8910/resourceGroups/rg-esp-spoke-aks-infra/providers/Microsoft.Network/networkSecurityGroups/vnet-spoke-aks-subnet-apiserver-nsg-westeurope",
        "/subscriptions/82f6d75e-85f4-434a-ab74-5dddd9fa8910/resourceGroups/rg-esp-spoke-aks-infra/providers/Microsoft.Network/networkSecurityGroups/vnet-spoke-aks-subnet-appgw-nsg-westeurope",
        "/subscriptions/82f6d75e-85f4-434a-ab74-5dddd9fa8910/resourceGroups/rg-esp-spoke-aks-infra/providers/Microsoft.Network/networkSecurityGroups/vnet-spoke-aks-subnet-nodes-nsg-westeurope",
        "/subscriptions/82f6d75e-85f4-434a-ab74-5dddd9fa8910/resourceGroups/rg-esp-spoke-aks-infra/providers/Microsoft.Network/networkSecurityGroups/vnet-spoke-aks-subnet-nodes-poolappsarm-nsg-westeurope",
        "/subscriptions/82f6d75e-85f4-434a-ab74-5dddd9fa8910/resourceGroups/rg-esp-spoke-aks-infra/providers/Microsoft.Network/networkSecurityGroups/vnet-spoke-aks-subnet-pods-nsg-westeurope",
        "/subscriptions/82f6d75e-85f4-434a-ab74-5dddd9fa8910/resourceGroups/rg-esp-spoke-aks-infra/providers/Microsoft.Network/networkSecurityGroups/vnet-spoke-aks-subnet-pods-poolappsarm-nsg-westeurope",
        "/subscriptions/82f6d75e-85f4-434a-ab74-5dddd9fa8910/resourceGroups/rg-esp-spoke-aks-infra/providers/Microsoft.Network/networkSecurityGroups/vnet-spoke-aks-subnet-spoke-aks-pe-nsg-westeurope",
        "/subscriptions/82f6d75e-85f4-434a-ab74-5dddd9fa8910/resourceGroups/rg-esp-spoke-aks-infra/providers/Microsoft.Network/publicIPAddresses/public-ip-appgw",
        "/subscriptions/82f6d75e-85f4-434a-ab74-5dddd9fa8910/resourceGroups/rg-esp-spoke-aks-infra/providers/Microsoft.Network/virtualNetworks/vnet-spoke-aks",
        "/subscriptions/82f6d75e-85f4-434a-ab74-5dddd9fa8910/resourceGroups/rg-esp-spoke-aks-infra/providers/Microsoft.Storage/storageAccounts/storageforaks01357",
        "/subscriptions/82f6d75e-85f4-434a-ab74-5dddd9fa8910/resourceGroups/rg-esp-spoke-aks-nodes/providers/Microsoft.Network/loadBalancers/kube-apiserver",
        "/subscriptions/82f6d75e-85f4-434a-ab74-5dddd9fa8910/resourceGroups/rg-esp-spoke-aks-nodes/providers/Microsoft.Network/networkSecurityGroups/aks-agentpool-35064155-nsg"
      ],
      "type": [
        "set",
        "string"
      ]
    },
    "flow_log": {
      "value": {
        "aks-agentpool-35064155-nsg": {
          "id": "/subscriptions/82f6d75e-85f4-434a-ab74-5dddd9fa8910/resourceGroups/rg-esp-spoke-aks-nodes/providers/Microsoft.Network/networkSecurityGroups/aks-agentpool-35064155-nsg",
          "name": "aks-agentpool-35064155-nsg"
        },
        "vnet-hub-AzureBastionSubnet-nsg-westeurope": {
          "id": "/subscriptions/82f6d75e-85f4-434a-ab74-5dddd9fa8910/resourceGroups/rg-esp-hub/providers/Microsoft.Network/networkSecurityGroups/vnet-hub-AzureBastionSubnet-nsg-westeurope",
          "name": "vnet-hub-AzureBastionSubnet-nsg-westeurope"
        },
        "vnet-hub-subnet-vm-nsg-westeurope": {
          "id": "/subscriptions/82f6d75e-85f4-434a-ab74-5dddd9fa8910/resourceGroups/rg-esp-hub/providers/Microsoft.Network/networkSecurityGroups/vnet-hub-subnet-vm-nsg-westeurope",
          "name": "vnet-hub-subnet-vm-nsg-westeurope"
        },
        "vnet-spoke-aks-subnet-apiserver-nsg-westeurope": {
          "id": "/subscriptions/82f6d75e-85f4-434a-ab74-5dddd9fa8910/resourceGroups/rg-esp-spoke-aks-infra/providers/Microsoft.Network/networkSecurityGroups/vnet-spoke-aks-subnet-apiserver-nsg-westeurope",
          "name": "vnet-spoke-aks-subnet-apiserver-nsg-westeurope"
        },
        "vnet-spoke-aks-subnet-appgw-nsg-westeurope": {
          "id": "/subscriptions/82f6d75e-85f4-434a-ab74-5dddd9fa8910/resourceGroups/rg-esp-spoke-aks-infra/providers/Microsoft.Network/networkSecurityGroups/vnet-spoke-aks-subnet-appgw-nsg-westeurope",
          "name": "vnet-spoke-aks-subnet-appgw-nsg-westeurope"
        },
        "vnet-spoke-aks-subnet-nodes-nsg-westeurope": {
          "id": "/subscriptions/82f6d75e-85f4-434a-ab74-5dddd9fa8910/resourceGroups/rg-esp-spoke-aks-infra/providers/Microsoft.Network/networkSecurityGroups/vnet-spoke-aks-subnet-nodes-nsg-westeurope",
          "name": "vnet-spoke-aks-subnet-nodes-nsg-westeurope"
        },
        "vnet-spoke-aks-subnet-nodes-poolappsarm-nsg-westeurope": {
          "id": "/subscriptions/82f6d75e-85f4-434a-ab74-5dddd9fa8910/resourceGroups/rg-esp-spoke-aks-infra/providers/Microsoft.Network/networkSecurityGroups/vnet-spoke-aks-subnet-nodes-poolappsarm-nsg-westeurope",
          "name": "vnet-spoke-aks-subnet-nodes-poolappsarm-nsg-westeurope"
        },
        "vnet-spoke-aks-subnet-pods-nsg-westeurope": {
          "id": "/subscriptions/82f6d75e-85f4-434a-ab74-5dddd9fa8910/resourceGroups/rg-esp-spoke-aks-infra/providers/Microsoft.Network/networkSecurityGroups/vnet-spoke-aks-subnet-pods-nsg-westeurope",
          "name": "vnet-spoke-aks-subnet-pods-nsg-westeurope"
        },
        "vnet-spoke-aks-subnet-pods-poolappsarm-nsg-westeurope": {
          "id": "/subscriptions/82f6d75e-85f4-434a-ab74-5dddd9fa8910/resourceGroups/rg-esp-spoke-aks-infra/providers/Microsoft.Network/networkSecurityGroups/vnet-spoke-aks-subnet-pods-poolappsarm-nsg-westeurope",
          "name": "vnet-spoke-aks-subnet-pods-poolappsarm-nsg-westeurope"
        },
        "vnet-spoke-aks-subnet-spoke-aks-pe-nsg-westeurope": {
          "id": "/subscriptions/82f6d75e-85f4-434a-ab74-5dddd9fa8910/resourceGroups/rg-esp-spoke-aks-infra/providers/Microsoft.Network/networkSecurityGroups/vnet-spoke-aks-subnet-spoke-aks-pe-nsg-westeurope",
          "name": "vnet-spoke-aks-subnet-spoke-aks-pe-nsg-westeurope"
        }
      },
      "type": [
        "map",
        [
          "object",
          {
            "id": "string",
            "name": "string"
          }
        ]
      ]
    },
    "resources_id": {
      "value": [
        "/subscriptions/82f6d75e-85f4-434a-ab74-5dddd9fa8910/resourceGroups/rg-esp-hub-vm-linux/providers/Microsoft.Compute/virtualMachines/vm-jumpbox-linux",
        "/subscriptions/82f6d75e-85f4-434a-ab74-5dddd9fa8910/resourceGroups/rg-esp-hub-vm-linux/providers/Microsoft.Network/networkInterfaces/nic-vm",
        "/subscriptions/82f6d75e-85f4-434a-ab74-5dddd9fa8910/resourceGroups/rg-esp-hub-vm-windows/providers/Microsoft.Compute/virtualMachines/vm-jumpbox-win",
        "/subscriptions/82f6d75e-85f4-434a-ab74-5dddd9fa8910/resourceGroups/rg-esp-hub-vm-windows/providers/Microsoft.Network/networkInterfaces/nic-vm-jumpbox-windows",
        "/subscriptions/82f6d75e-85f4-434a-ab74-5dddd9fa8910/resourceGroups/rg-esp-hub/providers/Microsoft.Network/azureFirewalls/firewall-hub",
        "/subscriptions/82f6d75e-85f4-434a-ab74-5dddd9fa8910/resourceGroups/rg-esp-hub/providers/Microsoft.Network/bastionHosts/bastion-host",
        "/subscriptions/82f6d75e-85f4-434a-ab74-5dddd9fa8910/resourceGroups/rg-esp-hub/providers/Microsoft.Network/networkSecurityGroups/vnet-hub-AzureBastionSubnet-nsg-westeurope",
        "/subscriptions/82f6d75e-85f4-434a-ab74-5dddd9fa8910/resourceGroups/rg-esp-hub/providers/Microsoft.Network/networkSecurityGroups/vnet-hub-subnet-vm-nsg-westeurope",
        "/subscriptions/82f6d75e-85f4-434a-ab74-5dddd9fa8910/resourceGroups/rg-esp-hub/providers/Microsoft.Network/publicIPAddresses/public-ip-bastion",
        "/subscriptions/82f6d75e-85f4-434a-ab74-5dddd9fa8910/resourceGroups/rg-esp-hub/providers/Microsoft.Network/publicIPAddresses/public-ip-firewall",
        "/subscriptions/82f6d75e-85f4-434a-ab74-5dddd9fa8910/resourceGroups/rg-esp-hub/providers/Microsoft.Network/virtualNetworks/vnet-hub",
        "/subscriptions/82f6d75e-85f4-434a-ab74-5dddd9fa8910/resourceGroups/rg-esp-management/providers/Microsoft.OperationalInsights/workspaces/loganalyticsforaks011",
        "/subscriptions/82f6d75e-85f4-434a-ab74-5dddd9fa8910/resourceGroups/rg-esp-spoke-aks-cluster/providers/Microsoft.ContainerService/managedClusters/aks-esp-cluster",
        "/subscriptions/82f6d75e-85f4-434a-ab74-5dddd9fa8910/resourceGroups/rg-esp-spoke-aks-infra/providers/Microsoft.ContainerRegistry/registries/acrforakstf01357",
        "/subscriptions/82f6d75e-85f4-434a-ab74-5dddd9fa8910/resourceGroups/rg-esp-spoke-aks-infra/providers/Microsoft.KeyVault/vaults/kvforaks013579",
        "/subscriptions/82f6d75e-85f4-434a-ab74-5dddd9fa8910/resourceGroups/rg-esp-spoke-aks-infra/providers/Microsoft.Network/applicationGateways/appgw-aks",
        "/subscriptions/82f6d75e-85f4-434a-ab74-5dddd9fa8910/resourceGroups/rg-esp-spoke-aks-infra/providers/Microsoft.Network/networkInterfaces/private-endpoint-acr.nic.f10d3cbc-abaa-4f5a-ae53-2aaea645d262",
        "/subscriptions/82f6d75e-85f4-434a-ab74-5dddd9fa8910/resourceGroups/rg-esp-spoke-aks-infra/providers/Microsoft.Network/networkInterfaces/private-endpoint-keyvault.nic.805074f3-edd5-4e94-9842-b87d01adc5d5",
        "/subscriptions/82f6d75e-85f4-434a-ab74-5dddd9fa8910/resourceGroups/rg-esp-spoke-aks-infra/providers/Microsoft.Network/networkInterfaces/private-endpoint-storage.nic.7e4c08e8-e267-4635-aa61-d91836b3488e",
        "/subscriptions/82f6d75e-85f4-434a-ab74-5dddd9fa8910/resourceGroups/rg-esp-spoke-aks-infra/providers/Microsoft.Network/networkSecurityGroups/vnet-spoke-aks-subnet-apiserver-nsg-westeurope",
        "/subscriptions/82f6d75e-85f4-434a-ab74-5dddd9fa8910/resourceGroups/rg-esp-spoke-aks-infra/providers/Microsoft.Network/networkSecurityGroups/vnet-spoke-aks-subnet-appgw-nsg-westeurope",
        "/subscriptions/82f6d75e-85f4-434a-ab74-5dddd9fa8910/resourceGroups/rg-esp-spoke-aks-infra/providers/Microsoft.Network/networkSecurityGroups/vnet-spoke-aks-subnet-nodes-nsg-westeurope",
        "/subscriptions/82f6d75e-85f4-434a-ab74-5dddd9fa8910/resourceGroups/rg-esp-spoke-aks-infra/providers/Microsoft.Network/networkSecurityGroups/vnet-spoke-aks-subnet-nodes-poolappsarm-nsg-westeurope",
        "/subscriptions/82f6d75e-85f4-434a-ab74-5dddd9fa8910/resourceGroups/rg-esp-spoke-aks-infra/providers/Microsoft.Network/networkSecurityGroups/vnet-spoke-aks-subnet-pods-nsg-westeurope",
        "/subscriptions/82f6d75e-85f4-434a-ab74-5dddd9fa8910/resourceGroups/rg-esp-spoke-aks-infra/providers/Microsoft.Network/networkSecurityGroups/vnet-spoke-aks-subnet-pods-poolappsarm-nsg-westeurope",
        "/subscriptions/82f6d75e-85f4-434a-ab74-5dddd9fa8910/resourceGroups/rg-esp-spoke-aks-infra/providers/Microsoft.Network/networkSecurityGroups/vnet-spoke-aks-subnet-spoke-aks-pe-nsg-westeurope",
        "/subscriptions/82f6d75e-85f4-434a-ab74-5dddd9fa8910/resourceGroups/rg-esp-spoke-aks-infra/providers/Microsoft.Network/publicIPAddresses/public-ip-appgw",
        "/subscriptions/82f6d75e-85f4-434a-ab74-5dddd9fa8910/resourceGroups/rg-esp-spoke-aks-infra/providers/Microsoft.Network/virtualNetworks/vnet-spoke-aks",
        "/subscriptions/82f6d75e-85f4-434a-ab74-5dddd9fa8910/resourceGroups/rg-esp-spoke-aks-infra/providers/Microsoft.Storage/storageAccounts/storageforaks01357",
        "/subscriptions/82f6d75e-85f4-434a-ab74-5dddd9fa8910/resourceGroups/rg-esp-spoke-aks-nodes/providers/Microsoft.Network/loadBalancers/kube-apiserver",
        "/subscriptions/82f6d75e-85f4-434a-ab74-5dddd9fa8910/resourceGroups/rg-esp-spoke-aks-nodes/providers/Microsoft.Network/networkSecurityGroups/aks-agentpool-35064155-nsg"
      ],
      "type": [
        "set",
        "string"
      ]
    }
  },
  "resources": [
    {
      "mode": "data",
      "type": "azurerm_network_watcher",
      "name": "network_watcher_regional",
      "provider": "provider[\"registry.terraform.io/hashicorp/azurerm\"]",
      "instances": [
        {
          "schema_version": 0,
          "attributes": {
            "id": "/subscriptions/82f6d75e-85f4-434a-ab74-5dddd9fa8910/resourceGroups/NetworkWatcherRG/providers/Microsoft.Network/networkWatchers/NetworkWatcher_westeurope",
            "location": "westeurope",
            "name": "NetworkWatcher_westeurope",
            "resource_group_name": "NetworkWatcherRG",
            "tags": {},
            "timeouts": null
          },
          "sensitive_attributes": []
        }
      ]
    },
    {
      "mode": "data",
      "type": "azurerm_resources",
      "name": "nsg_flowlogs",
      "provider": "provider[\"registry.terraform.io/hashicorp/azurerm\"]",
      "instances": [
        {
          "schema_version": 0,
          "attributes": {
            "id": "resource-16973ec8-f4eb-431d-b30e-7787f8895043",
            "name": null,
            "required_tags": {
              "architecture": "Hub\u0026Spoke",
              "environment": "development",
              "source": "terraform"
            },
            "resource_group_name": null,
            "resources": [
              {
                "id": "/subscriptions/82f6d75e-85f4-434a-ab74-5dddd9fa8910/resourceGroups/rg-esp-hub/providers/Microsoft.Network/networkSecurityGroups/vnet-hub-AzureBastionSubnet-nsg-westeurope",
                "location": "westeurope",
                "name": "vnet-hub-AzureBastionSubnet-nsg-westeurope",
                "tags": {
                  "architecture": "Hub\u0026Spoke",
                  "environment": "development",
                  "source": "terraform"
                },
                "type": "Microsoft.Network/networkSecurityGroups"
              },
              {
                "id": "/subscriptions/82f6d75e-85f4-434a-ab74-5dddd9fa8910/resourceGroups/rg-esp-hub/providers/Microsoft.Network/networkSecurityGroups/vnet-hub-subnet-vm-nsg-westeurope",
                "location": "westeurope",
                "name": "vnet-hub-subnet-vm-nsg-westeurope",
                "tags": {
                  "architecture": "Hub\u0026Spoke",
                  "environment": "development",
                  "source": "terraform"
                },
                "type": "Microsoft.Network/networkSecurityGroups"
              },
              {
                "id": "/subscriptions/82f6d75e-85f4-434a-ab74-5dddd9fa8910/resourceGroups/rg-esp-spoke-aks-infra/providers/Microsoft.Network/networkSecurityGroups/vnet-spoke-aks-subnet-apiserver-nsg-westeurope",
                "location": "westeurope",
                "name": "vnet-spoke-aks-subnet-apiserver-nsg-westeurope",
                "tags": {
                  "architecture": "Hub\u0026Spoke",
                  "environment": "development",
                  "source": "terraform"
                },
                "type": "Microsoft.Network/networkSecurityGroups"
              },
              {
                "id": "/subscriptions/82f6d75e-85f4-434a-ab74-5dddd9fa8910/resourceGroups/rg-esp-spoke-aks-infra/providers/Microsoft.Network/networkSecurityGroups/vnet-spoke-aks-subnet-appgw-nsg-westeurope",
                "location": "westeurope",
                "name": "vnet-spoke-aks-subnet-appgw-nsg-westeurope",
                "tags": {
                  "architecture": "Hub\u0026Spoke",
                  "environment": "development",
                  "source": "terraform"
                },
                "type": "Microsoft.Network/networkSecurityGroups"
              },
              {
                "id": "/subscriptions/82f6d75e-85f4-434a-ab74-5dddd9fa8910/resourceGroups/rg-esp-spoke-aks-infra/providers/Microsoft.Network/networkSecurityGroups/vnet-spoke-aks-subnet-nodes-nsg-westeurope",
                "location": "westeurope",
                "name": "vnet-spoke-aks-subnet-nodes-nsg-westeurope",
                "tags": {
                  "architecture": "Hub\u0026Spoke",
                  "environment": "development",
                  "source": "terraform"
                },
                "type": "Microsoft.Network/networkSecurityGroups"
              },
              {
                "id": "/subscriptions/82f6d75e-85f4-434a-ab74-5dddd9fa8910/resourceGroups/rg-esp-spoke-aks-infra/providers/Microsoft.Network/networkSecurityGroups/vnet-spoke-aks-subnet-nodes-poolappsarm-nsg-westeurope",
                "location": "westeurope",
                "name": "vnet-spoke-aks-subnet-nodes-poolappsarm-nsg-westeurope",
                "tags": {
                  "architecture": "Hub\u0026Spoke",
                  "environment": "development",
                  "source": "terraform"
                },
                "type": "Microsoft.Network/networkSecurityGroups"
              },
              {
                "id": "/subscriptions/82f6d75e-85f4-434a-ab74-5dddd9fa8910/resourceGroups/rg-esp-spoke-aks-infra/providers/Microsoft.Network/networkSecurityGroups/vnet-spoke-aks-subnet-pods-nsg-westeurope",
                "location": "westeurope",
                "name": "vnet-spoke-aks-subnet-pods-nsg-westeurope",
                "tags": {
                  "architecture": "Hub\u0026Spoke",
                  "environment": "development",
                  "source": "terraform"
                },
                "type": "Microsoft.Network/networkSecurityGroups"
              },
              {
                "id": "/subscriptions/82f6d75e-85f4-434a-ab74-5dddd9fa8910/resourceGroups/rg-esp-spoke-aks-infra/providers/Microsoft.Network/networkSecurityGroups/vnet-spoke-aks-subnet-pods-poolappsarm-nsg-westeurope",
                "location": "westeurope",
                "name": "vnet-spoke-aks-subnet-pods-poolappsarm-nsg-westeurope",
                "tags": {
                  "architecture": "Hub\u0026Spoke",
                  "environment": "development",
                  "source": "terraform"
                },
                "type": "Microsoft.Network/networkSecurityGroups"
              },
              {
                "id": "/subscriptions/82f6d75e-85f4-434a-ab74-5dddd9fa8910/resourceGroups/rg-esp-spoke-aks-infra/providers/Microsoft.Network/networkSecurityGroups/vnet-spoke-aks-subnet-spoke-aks-pe-nsg-westeurope",
                "location": "westeurope",
                "name": "vnet-spoke-aks-subnet-spoke-aks-pe-nsg-westeurope",
                "tags": {
                  "architecture": "Hub\u0026Spoke",
                  "environment": "development",
                  "source": "terraform"
                },
                "type": "Microsoft.Network/networkSecurityGroups"
              },
              {
                "id": "/subscriptions/82f6d75e-85f4-434a-ab74-5dddd9fa8910/resourceGroups/rg-esp-spoke-aks-nodes/providers/Microsoft.Network/networkSecurityGroups/aks-agentpool-35064155-nsg",
                "location": "westeurope",
                "name": "aks-agentpool-35064155-nsg",
                "tags": {
                  "architecture": "Hub\u0026Spoke",
                  "environment": "development",
                  "source": "terraform"
                },
                "type": "Microsoft.Network/networkSecurityGroups"
              }
            ],
            "timeouts": null,
            "type": "Microsoft.Network/networkSecurityGroups"
          },
          "sensitive_attributes": []
        }
      ]
    },
    {
      "mode": "data",
      "type": "azurerm_resources",
      "name": "resources_ds",
      "provider": "provider[\"registry.terraform.io/hashicorp/azurerm\"]",
      "instances": [
        {
          "index_key": "Microsoft.Compute/virtualMachines",
          "schema_version": 0,
          "attributes": {
            "id": "resource-2617f7c5-f1ea-4521-bc7a-618a6f8b2bb9",
            "name": null,
            "required_tags": {
              "architecture": "Hub\u0026Spoke",
              "environment": "development",
              "source": "terraform"
            },
            "resource_group_name": null,
            "resources": [
              {
                "id": "/subscriptions/82f6d75e-85f4-434a-ab74-5dddd9fa8910/resourceGroups/rg-esp-hub-vm-linux/providers/Microsoft.Compute/virtualMachines/vm-jumpbox-linux",
                "location": "westeurope",
                "name": "vm-jumpbox-linux",
                "tags": {
                  "architecture": "Hub\u0026Spoke",
                  "environment": "development",
                  "source": "terraform"
                },
                "type": "Microsoft.Compute/virtualMachines"
              },
              {
                "id": "/subscriptions/82f6d75e-85f4-434a-ab74-5dddd9fa8910/resourceGroups/rg-esp-hub-vm-windows/providers/Microsoft.Compute/virtualMachines/vm-jumpbox-win",
                "location": "westeurope",
                "name": "vm-jumpbox-win",
                "tags": {
                  "architecture": "Hub\u0026Spoke",
                  "environment": "development",
                  "source": "terraform"
                },
                "type": "Microsoft.Compute/virtualMachines"
              }
            ],
            "timeouts": null,
            "type": "Microsoft.Compute/virtualMachines"
          },
          "sensitive_attributes": []
        },
        {
          "index_key": "Microsoft.ContainerRegistry/registries",
          "schema_version": 0,
          "attributes": {
            "id": "resource-29e78e24-9fb0-45fd-867b-1fcc047995b1",
            "name": null,
            "required_tags": {
              "architecture": "Hub\u0026Spoke",
              "environment": "development",
              "source": "terraform"
            },
            "resource_group_name": null,
            "resources": [
              {
                "id": "/subscriptions/82f6d75e-85f4-434a-ab74-5dddd9fa8910/resourceGroups/rg-esp-spoke-aks-infra/providers/Microsoft.ContainerRegistry/registries/acrforakstf01357",
                "location": "westeurope",
                "name": "acrforakstf01357",
                "tags": {
                  "architecture": "Hub\u0026Spoke",
                  "environment": "development",
                  "source": "terraform"
                },
                "type": "Microsoft.ContainerRegistry/registries"
              }
            ],
            "timeouts": null,
            "type": "Microsoft.ContainerRegistry/registries"
          },
          "sensitive_attributes": []
        },
        {
          "index_key": "Microsoft.ContainerService/managedClusters",
          "schema_version": 0,
          "attributes": {
            "id": "resource-71439fd0-b9be-45bd-8c24-84c81ff4fdc6",
            "name": null,
            "required_tags": {
              "architecture": "Hub\u0026Spoke",
              "environment": "development",
              "source": "terraform"
            },
            "resource_group_name": null,
            "resources": [
              {
                "id": "/subscriptions/82f6d75e-85f4-434a-ab74-5dddd9fa8910/resourceGroups/rg-esp-spoke-aks-cluster/providers/Microsoft.ContainerService/managedClusters/aks-esp-cluster",
                "location": "westeurope",
                "name": "aks-esp-cluster",
                "tags": {
                  "architecture": "Hub\u0026Spoke",
                  "environment": "development",
                  "source": "terraform"
                },
                "type": "Microsoft.ContainerService/managedClusters"
              }
            ],
            "timeouts": null,
            "type": "Microsoft.ContainerService/managedClusters"
          },
          "sensitive_attributes": []
        },
        {
          "index_key": "Microsoft.KeyVault/vaults",
          "schema_version": 0,
          "attributes": {
            "id": "resource-0e6834e4-e47f-4ae7-9485-c20f633ffca0",
            "name": null,
            "required_tags": {
              "architecture": "Hub\u0026Spoke",
              "environment": "development",
              "source": "terraform"
            },
            "resource_group_name": null,
            "resources": [
              {
                "id": "/subscriptions/82f6d75e-85f4-434a-ab74-5dddd9fa8910/resourceGroups/rg-esp-spoke-aks-infra/providers/Microsoft.KeyVault/vaults/kvforaks013579",
                "location": "westeurope",
                "name": "kvforaks013579",
                "tags": {
                  "architecture": "Hub\u0026Spoke",
                  "environment": "development",
                  "source": "terraform"
                },
                "type": "Microsoft.KeyVault/vaults"
              }
            ],
            "timeouts": null,
            "type": "Microsoft.KeyVault/vaults"
          },
          "sensitive_attributes": []
        },
        {
          "index_key": "Microsoft.Network/applicationGateways",
          "schema_version": 0,
          "attributes": {
            "id": "resource-538318cb-0319-49e0-8466-ab2f419ecf88",
            "name": null,
            "required_tags": {
              "architecture": "Hub\u0026Spoke",
              "environment": "development",
              "source": "terraform"
            },
            "resource_group_name": null,
            "resources": [
              {
                "id": "/subscriptions/82f6d75e-85f4-434a-ab74-5dddd9fa8910/resourceGroups/rg-esp-spoke-aks-infra/providers/Microsoft.Network/applicationGateways/appgw-aks",
                "location": "westeurope",
                "name": "appgw-aks",
                "tags": {
                  "architecture": "Hub\u0026Spoke",
                  "environment": "development",
                  "managed-by-k8s-ingress": "1.5.3/94b2b229/2023-02-03-21:42T+0000",
                  "source": "terraform"
                },
                "type": "Microsoft.Network/applicationGateways"
              }
            ],
            "timeouts": null,
            "type": "Microsoft.Network/applicationGateways"
          },
          "sensitive_attributes": []
        },
        {
          "index_key": "Microsoft.Network/azureFirewalls",
          "schema_version": 0,
          "attributes": {
            "id": "resource-42dfe0c8-8f13-4cca-8ffe-c04474f75f12",
            "name": null,
            "required_tags": {
              "architecture": "Hub\u0026Spoke",
              "environment": "development",
              "source": "terraform"
            },
            "resource_group_name": null,
            "resources": [
              {
                "id": "/subscriptions/82f6d75e-85f4-434a-ab74-5dddd9fa8910/resourceGroups/rg-esp-hub/providers/Microsoft.Network/azureFirewalls/firewall-hub",
                "location": "westeurope",
                "name": "firewall-hub",
                "tags": {
                  "architecture": "Hub\u0026Spoke",
                  "environment": "development",
                  "source": "terraform"
                },
                "type": "Microsoft.Network/azureFirewalls"
              }
            ],
            "timeouts": null,
            "type": "Microsoft.Network/azureFirewalls"
          },
          "sensitive_attributes": []
        },
        {
          "index_key": "Microsoft.Network/bastionHosts",
          "schema_version": 0,
          "attributes": {
            "id": "resource-30a06217-a989-43dd-a7b2-85da7ca1d49e",
            "name": null,
            "required_tags": {
              "architecture": "Hub\u0026Spoke",
              "environment": "development",
              "source": "terraform"
            },
            "resource_group_name": null,
            "resources": [
              {
                "id": "/subscriptions/82f6d75e-85f4-434a-ab74-5dddd9fa8910/resourceGroups/rg-esp-hub/providers/Microsoft.Network/bastionHosts/bastion-host",
                "location": "westeurope",
                "name": "bastion-host",
                "tags": {
                  "architecture": "Hub\u0026Spoke",
                  "environment": "development",
                  "source": "terraform"
                },
                "type": "Microsoft.Network/bastionHosts"
              }
            ],
            "timeouts": null,
            "type": "Microsoft.Network/bastionHosts"
          },
          "sensitive_attributes": []
        },
        {
          "index_key": "Microsoft.Network/expressRouteCircuits",
          "schema_version": 0,
          "attributes": {
            "id": "resource-7cba5435-0998-427b-ad24-0bb3de3ca4bb",
            "name": null,
            "required_tags": {
              "architecture": "Hub\u0026Spoke",
              "environment": "development",
              "source": "terraform"
            },
            "resource_group_name": null,
            "resources": [],
            "timeouts": null,
            "type": "Microsoft.Network/expressRouteCircuits"
          },
          "sensitive_attributes": []
        },
        {
          "index_key": "Microsoft.Network/expressRouteGateways",
          "schema_version": 0,
          "attributes": {
            "id": "resource-0befc817-3aed-41af-a47d-276ca22e8c48",
            "name": null,
            "required_tags": {
              "architecture": "Hub\u0026Spoke",
              "environment": "development",
              "source": "terraform"
            },
            "resource_group_name": null,
            "resources": [],
            "timeouts": null,
            "type": "Microsoft.Network/expressRouteGateways"
          },
          "sensitive_attributes": []
        },
        {
          "index_key": "Microsoft.Network/expressRoutePorts",
          "schema_version": 0,
          "attributes": {
            "id": "resource-46563bbf-3229-4bf9-907e-be3699acda0f",
            "name": null,
            "required_tags": {
              "architecture": "Hub\u0026Spoke",
              "environment": "development",
              "source": "terraform"
            },
            "resource_group_name": null,
            "resources": [],
            "timeouts": null,
            "type": "Microsoft.Network/expressRoutePorts"
          },
          "sensitive_attributes": []
        },
        {
          "index_key": "Microsoft.Network/loadBalancers",
          "schema_version": 0,
          "attributes": {
            "id": "resource-4df4da7d-506c-4451-93d4-9a0033d47d1a",
            "name": null,
            "required_tags": {
              "architecture": "Hub\u0026Spoke",
              "environment": "development",
              "source": "terraform"
            },
            "resource_group_name": null,
            "resources": [
              {
                "id": "/subscriptions/82f6d75e-85f4-434a-ab74-5dddd9fa8910/resourceGroups/rg-esp-spoke-aks-nodes/providers/Microsoft.Network/loadBalancers/kube-apiserver",
                "location": "westeurope",
                "name": "kube-apiserver",
                "tags": {
                  "architecture": "Hub\u0026Spoke",
                  "environment": "development",
                  "source": "terraform"
                },
                "type": "Microsoft.Network/loadBalancers"
              }
            ],
            "timeouts": null,
            "type": "Microsoft.Network/loadBalancers"
          },
          "sensitive_attributes": []
        },
        {
          "index_key": "Microsoft.Network/networkInterfaces",
          "schema_version": 0,
          "attributes": {
            "id": "resource-02d76bfb-1970-42a0-a988-a26cf4203f36",
            "name": null,
            "required_tags": {
              "architecture": "Hub\u0026Spoke",
              "environment": "development",
              "source": "terraform"
            },
            "resource_group_name": null,
            "resources": [
              {
                "id": "/subscriptions/82f6d75e-85f4-434a-ab74-5dddd9fa8910/resourceGroups/rg-esp-hub-vm-linux/providers/Microsoft.Network/networkInterfaces/nic-vm",
                "location": "westeurope",
                "name": "nic-vm",
                "tags": {
                  "architecture": "Hub\u0026Spoke",
                  "environment": "development",
                  "source": "terraform"
                },
                "type": "Microsoft.Network/networkInterfaces"
              },
              {
                "id": "/subscriptions/82f6d75e-85f4-434a-ab74-5dddd9fa8910/resourceGroups/rg-esp-hub-vm-windows/providers/Microsoft.Network/networkInterfaces/nic-vm-jumpbox-windows",
                "location": "westeurope",
                "name": "nic-vm-jumpbox-windows",
                "tags": {
                  "architecture": "Hub\u0026Spoke",
                  "environment": "development",
                  "source": "terraform"
                },
                "type": "Microsoft.Network/networkInterfaces"
              },
              {
                "id": "/subscriptions/82f6d75e-85f4-434a-ab74-5dddd9fa8910/resourceGroups/rg-esp-spoke-aks-infra/providers/Microsoft.Network/networkInterfaces/private-endpoint-acr.nic.f10d3cbc-abaa-4f5a-ae53-2aaea645d262",
                "location": "westeurope",
                "name": "private-endpoint-acr.nic.f10d3cbc-abaa-4f5a-ae53-2aaea645d262",
                "tags": {
                  "architecture": "Hub\u0026Spoke",
                  "environment": "development",
                  "source": "terraform"
                },
                "type": "Microsoft.Network/networkInterfaces"
              },
              {
                "id": "/subscriptions/82f6d75e-85f4-434a-ab74-5dddd9fa8910/resourceGroups/rg-esp-spoke-aks-infra/providers/Microsoft.Network/networkInterfaces/private-endpoint-keyvault.nic.805074f3-edd5-4e94-9842-b87d01adc5d5",
                "location": "westeurope",
                "name": "private-endpoint-keyvault.nic.805074f3-edd5-4e94-9842-b87d01adc5d5",
                "tags": {
                  "architecture": "Hub\u0026Spoke",
                  "environment": "development",
                  "source": "terraform"
                },
                "type": "Microsoft.Network/networkInterfaces"
              },
              {
                "id": "/subscriptions/82f6d75e-85f4-434a-ab74-5dddd9fa8910/resourceGroups/rg-esp-spoke-aks-infra/providers/Microsoft.Network/networkInterfaces/private-endpoint-storage.nic.7e4c08e8-e267-4635-aa61-d91836b3488e",
                "location": "westeurope",
                "name": "private-endpoint-storage.nic.7e4c08e8-e267-4635-aa61-d91836b3488e",
                "tags": {
                  "architecture": "Hub\u0026Spoke",
                  "environment": "development",
                  "source": "terraform"
                },
                "type": "Microsoft.Network/networkInterfaces"
              }
            ],
            "timeouts": null,
            "type": "Microsoft.Network/networkInterfaces"
          },
          "sensitive_attributes": []
        },
        {
          "index_key": "Microsoft.Network/networkSecurityGroups",
          "schema_version": 0,
          "attributes": {
            "id": "resource-c189f3b9-910c-406c-bbe6-1918776b0d78",
            "name": null,
            "required_tags": {
              "architecture": "Hub\u0026Spoke",
              "environment": "development",
              "source": "terraform"
            },
            "resource_group_name": null,
            "resources": [
              {
                "id": "/subscriptions/82f6d75e-85f4-434a-ab74-5dddd9fa8910/resourceGroups/rg-esp-hub/providers/Microsoft.Network/networkSecurityGroups/vnet-hub-AzureBastionSubnet-nsg-westeurope",
                "location": "westeurope",
                "name": "vnet-hub-AzureBastionSubnet-nsg-westeurope",
                "tags": {
                  "architecture": "Hub\u0026Spoke",
                  "environment": "development",
                  "source": "terraform"
                },
                "type": "Microsoft.Network/networkSecurityGroups"
              },
              {
                "id": "/subscriptions/82f6d75e-85f4-434a-ab74-5dddd9fa8910/resourceGroups/rg-esp-hub/providers/Microsoft.Network/networkSecurityGroups/vnet-hub-subnet-vm-nsg-westeurope",
                "location": "westeurope",
                "name": "vnet-hub-subnet-vm-nsg-westeurope",
                "tags": {
                  "architecture": "Hub\u0026Spoke",
                  "environment": "development",
                  "source": "terraform"
                },
                "type": "Microsoft.Network/networkSecurityGroups"
              },
              {
                "id": "/subscriptions/82f6d75e-85f4-434a-ab74-5dddd9fa8910/resourceGroups/rg-esp-spoke-aks-infra/providers/Microsoft.Network/networkSecurityGroups/vnet-spoke-aks-subnet-apiserver-nsg-westeurope",
                "location": "westeurope",
                "name": "vnet-spoke-aks-subnet-apiserver-nsg-westeurope",
                "tags": {
                  "architecture": "Hub\u0026Spoke",
                  "environment": "development",
                  "source": "terraform"
                },
                "type": "Microsoft.Network/networkSecurityGroups"
              },
              {
                "id": "/subscriptions/82f6d75e-85f4-434a-ab74-5dddd9fa8910/resourceGroups/rg-esp-spoke-aks-infra/providers/Microsoft.Network/networkSecurityGroups/vnet-spoke-aks-subnet-appgw-nsg-westeurope",
                "location": "westeurope",
                "name": "vnet-spoke-aks-subnet-appgw-nsg-westeurope",
                "tags": {
                  "architecture": "Hub\u0026Spoke",
                  "environment": "development",
                  "source": "terraform"
                },
                "type": "Microsoft.Network/networkSecurityGroups"
              },
              {
                "id": "/subscriptions/82f6d75e-85f4-434a-ab74-5dddd9fa8910/resourceGroups/rg-esp-spoke-aks-infra/providers/Microsoft.Network/networkSecurityGroups/vnet-spoke-aks-subnet-nodes-nsg-westeurope",
                "location": "westeurope",
                "name": "vnet-spoke-aks-subnet-nodes-nsg-westeurope",
                "tags": {
                  "architecture": "Hub\u0026Spoke",
                  "environment": "development",
                  "source": "terraform"
                },
                "type": "Microsoft.Network/networkSecurityGroups"
              },
              {
                "id": "/subscriptions/82f6d75e-85f4-434a-ab74-5dddd9fa8910/resourceGroups/rg-esp-spoke-aks-infra/providers/Microsoft.Network/networkSecurityGroups/vnet-spoke-aks-subnet-nodes-poolappsarm-nsg-westeurope",
                "location": "westeurope",
                "name": "vnet-spoke-aks-subnet-nodes-poolappsarm-nsg-westeurope",
                "tags": {
                  "architecture": "Hub\u0026Spoke",
                  "environment": "development",
                  "source": "terraform"
                },
                "type": "Microsoft.Network/networkSecurityGroups"
              },
              {
                "id": "/subscriptions/82f6d75e-85f4-434a-ab74-5dddd9fa8910/resourceGroups/rg-esp-spoke-aks-infra/providers/Microsoft.Network/networkSecurityGroups/vnet-spoke-aks-subnet-pods-nsg-westeurope",
                "location": "westeurope",
                "name": "vnet-spoke-aks-subnet-pods-nsg-westeurope",
                "tags": {
                  "architecture": "Hub\u0026Spoke",
                  "environment": "development",
                  "source": "terraform"
                },
                "type": "Microsoft.Network/networkSecurityGroups"
              },
              {
                "id": "/subscriptions/82f6d75e-85f4-434a-ab74-5dddd9fa8910/resourceGroups/rg-esp-spoke-aks-infra/providers/Microsoft.Network/networkSecurityGroups/vnet-spoke-aks-subnet-pods-poolappsarm-nsg-westeurope",
                "location": "westeurope",
                "name": "vnet-spoke-aks-subnet-pods-poolappsarm-nsg-westeurope",
                "tags": {
                  "architecture": "Hub\u0026Spoke",
                  "environment": "development",
                  "source": "terraform"
                },
                "type": "Microsoft.Network/networkSecurityGroups"
              },
              {
                "id": "/subscriptions/82f6d75e-85f4-434a-ab74-5dddd9fa8910/resourceGroups/rg-esp-spoke-aks-infra/providers/Microsoft.Network/networkSecurityGroups/vnet-spoke-aks-subnet-spoke-aks-pe-nsg-westeurope",
                "location": "westeurope",
                "name": "vnet-spoke-aks-subnet-spoke-aks-pe-nsg-westeurope",
                "tags": {
                  "architecture": "Hub\u0026Spoke",
                  "environment": "development",
                  "source": "terraform"
                },
                "type": "Microsoft.Network/networkSecurityGroups"
              },
              {
                "id": "/subscriptions/82f6d75e-85f4-434a-ab74-5dddd9fa8910/resourceGroups/rg-esp-spoke-aks-nodes/providers/Microsoft.Network/networkSecurityGroups/aks-agentpool-35064155-nsg",
                "location": "westeurope",
                "name": "aks-agentpool-35064155-nsg",
                "tags": {
                  "architecture": "Hub\u0026Spoke",
                  "environment": "development",
                  "source": "terraform"
                },
                "type": "Microsoft.Network/networkSecurityGroups"
              }
            ],
            "timeouts": null,
            "type": "Microsoft.Network/networkSecurityGroups"
          },
          "sensitive_attributes": []
        },
        {
          "index_key": "Microsoft.Network/publicIPAddresses",
          "schema_version": 0,
          "attributes": {
            "id": "resource-c9f0f776-4e14-4d85-b3f5-67e2ea37f59f",
            "name": null,
            "required_tags": {
              "architecture": "Hub\u0026Spoke",
              "environment": "development",
              "source": "terraform"
            },
            "resource_group_name": null,
            "resources": [
              {
                "id": "/subscriptions/82f6d75e-85f4-434a-ab74-5dddd9fa8910/resourceGroups/rg-esp-hub/providers/Microsoft.Network/publicIPAddresses/public-ip-bastion",
                "location": "westeurope",
                "name": "public-ip-bastion",
                "tags": {
                  "architecture": "Hub\u0026Spoke",
                  "environment": "development",
                  "source": "terraform"
                },
                "type": "Microsoft.Network/publicIPAddresses"
              },
              {
                "id": "/subscriptions/82f6d75e-85f4-434a-ab74-5dddd9fa8910/resourceGroups/rg-esp-hub/providers/Microsoft.Network/publicIPAddresses/public-ip-firewall",
                "location": "westeurope",
                "name": "public-ip-firewall",
                "tags": {
                  "architecture": "Hub\u0026Spoke",
                  "environment": "development",
                  "source": "terraform"
                },
                "type": "Microsoft.Network/publicIPAddresses"
              },
              {
                "id": "/subscriptions/82f6d75e-85f4-434a-ab74-5dddd9fa8910/resourceGroups/rg-esp-spoke-aks-infra/providers/Microsoft.Network/publicIPAddresses/public-ip-appgw",
                "location": "westeurope",
                "name": "public-ip-appgw",
                "tags": {
                  "architecture": "Hub\u0026Spoke",
                  "environment": "development",
                  "source": "terraform"
                },
                "type": "Microsoft.Network/publicIPAddresses"
              }
            ],
            "timeouts": null,
            "type": "Microsoft.Network/publicIPAddresses"
          },
          "sensitive_attributes": []
        },
        {
          "index_key": "Microsoft.Network/virtualNetworks",
          "schema_version": 0,
          "attributes": {
            "id": "resource-b81a40c3-d68e-4c38-a084-c6000d55e01d",
            "name": null,
            "required_tags": {
              "architecture": "Hub\u0026Spoke",
              "environment": "development",
              "source": "terraform"
            },
            "resource_group_name": null,
            "resources": [
              {
                "id": "/subscriptions/82f6d75e-85f4-434a-ab74-5dddd9fa8910/resourceGroups/rg-esp-hub/providers/Microsoft.Network/virtualNetworks/vnet-hub",
                "location": "westeurope",
                "name": "vnet-hub",
                "tags": {
                  "architecture": "Hub\u0026Spoke",
                  "environment": "development",
                  "source": "terraform"
                },
                "type": "Microsoft.Network/virtualNetworks"
              },
              {
                "id": "/subscriptions/82f6d75e-85f4-434a-ab74-5dddd9fa8910/resourceGroups/rg-esp-spoke-aks-infra/providers/Microsoft.Network/virtualNetworks/vnet-spoke-aks",
                "location": "westeurope",
                "name": "vnet-spoke-aks",
                "tags": {
                  "architecture": "Hub\u0026Spoke",
                  "environment": "development",
                  "source": "terraform"
                },
                "type": "Microsoft.Network/virtualNetworks"
              }
            ],
            "timeouts": null,
            "type": "Microsoft.Network/virtualNetworks"
          },
          "sensitive_attributes": []
        },
        {
          "index_key": "Microsoft.OperationalInsights/workspaces",
          "schema_version": 0,
          "attributes": {
            "id": "resource-dac6403c-7155-4a29-85df-2aa4cd412870",
            "name": null,
            "required_tags": {
              "architecture": "Hub\u0026Spoke",
              "environment": "development",
              "source": "terraform"
            },
            "resource_group_name": null,
            "resources": [
              {
                "id": "/subscriptions/82f6d75e-85f4-434a-ab74-5dddd9fa8910/resourceGroups/rg-esp-management/providers/Microsoft.OperationalInsights/workspaces/loganalyticsforaks011",
                "location": "westeurope",
                "name": "loganalyticsforaks011",
                "tags": {
                  "architecture": "Hub\u0026Spoke",
                  "environment": "development",
                  "source": "terraform"
                },
                "type": "Microsoft.OperationalInsights/workspaces"
              }
            ],
            "timeouts": null,
            "type": "Microsoft.OperationalInsights/workspaces"
          },
          "sensitive_attributes": []
        },
        {
          "index_key": "Microsoft.Storage/storageAccounts",
          "schema_version": 0,
          "attributes": {
            "id": "resource-1bf200da-cf76-4a2f-aea9-c066f97efdd5",
            "name": null,
            "required_tags": {
              "architecture": "Hub\u0026Spoke",
              "environment": "development",
              "source": "terraform"
            },
            "resource_group_name": null,
            "resources": [
              {
                "id": "/subscriptions/82f6d75e-85f4-434a-ab74-5dddd9fa8910/resourceGroups/rg-esp-spoke-aks-infra/providers/Microsoft.Storage/storageAccounts/storageforaks01357",
                "location": "westeurope",
                "name": "storageforaks01357",
                "tags": {
                  "architecture": "Hub\u0026Spoke",
                  "environment": "development",
                  "source": "terraform"
                },
                "type": "Microsoft.Storage/storageAccounts"
              }
            ],
            "timeouts": null,
            "type": "Microsoft.Storage/storageAccounts"
          },
          "sensitive_attributes": []
        }
      ]
    },
    {
      "mode": "data",
      "type": "azurerm_resources",
      "name": "vnet",
      "provider": "provider[\"registry.terraform.io/hashicorp/azurerm\"]",
      "instances": [
        {
          "schema_version": 0,
          "attributes": {
            "id": "resource-efe84588-ce79-437a-8a41-581af8fecc64",
            "name": null,
            "required_tags": {
              "architecture": "Hub\u0026Spoke",
              "environment": "development",
              "source": "terraform"
            },
            "resource_group_name": null,
            "resources": [
              {
                "id": "/subscriptions/82f6d75e-85f4-434a-ab74-5dddd9fa8910/resourceGroups/rg-esp-hub/providers/Microsoft.Network/virtualNetworks/vnet-hub",
                "location": "westeurope",
                "name": "vnet-hub",
                "tags": {
                  "architecture": "Hub\u0026Spoke",
                  "environment": "development",
                  "source": "terraform"
                },
                "type": "Microsoft.Network/virtualNetworks"
              },
              {
                "id": "/subscriptions/82f6d75e-85f4-434a-ab74-5dddd9fa8910/resourceGroups/rg-esp-spoke-aks-infra/providers/Microsoft.Network/virtualNetworks/vnet-spoke-aks",
                "location": "westeurope",
                "name": "vnet-spoke-aks",
                "tags": {
                  "architecture": "Hub\u0026Spoke",
                  "environment": "development",
                  "source": "terraform"
                },
                "type": "Microsoft.Network/virtualNetworks"
              }
            ],
            "timeouts": null,
            "type": "Microsoft.Network/virtualNetworks"
          },
          "sensitive_attributes": []
        }
      ]
    },
    {
      "mode": "data",
      "type": "azurerm_virtual_network",
      "name": "vnet",
      "provider": "provider[\"registry.terraform.io/hashicorp/azurerm\"]",
      "instances": [
        {
          "index_key": "vnet-hub",
          "schema_version": 0,
          "attributes": {
            "address_space": [
              "172.16.0.0/16"
            ],
            "dns_servers": [],
            "guid": "7596c606-6f97-42c5-ba65-2a7e325f8480",
            "id": "/subscriptions/82f6d75e-85f4-434a-ab74-5dddd9fa8910/resourceGroups/rg-esp-hub/providers/Microsoft.Network/virtualNetworks/vnet-hub",
            "location": "westeurope",
            "name": "vnet-hub",
            "resource_group_name": "rg-esp-hub",
            "subnets": [
              "AzureFirewallSubnet",
              "AzureBastionSubnet",
              "subnet-vm"
            ],
            "tags": {
              "architecture": "Hub\u0026Spoke",
              "environment": "development",
              "source": "terraform"
            },
            "timeouts": null,
            "vnet_peerings": {
              "vnet_peering_hub_to_vnet-spoke-aks": "/subscriptions/82f6d75e-85f4-434a-ab74-5dddd9fa8910/resourceGroups/rg-esp-spoke-aks-infra/providers/Microsoft.Network/virtualNetworks/vnet-spoke-aks"
            },
            "vnet_peerings_addresses": [
              "10.1.0.0/16"
            ]
          },
          "sensitive_attributes": []
        },
        {
          "index_key": "vnet-spoke-aks",
          "schema_version": 0,
          "attributes": {
            "address_space": [
              "10.1.0.0/16"
            ],
            "dns_servers": [
              "172.16.0.4"
            ],
            "guid": "18831317-7b71-455c-a4f8-e99c84dd14f5",
            "id": "/subscriptions/82f6d75e-85f4-434a-ab74-5dddd9fa8910/resourceGroups/rg-esp-spoke-aks-infra/providers/Microsoft.Network/virtualNetworks/vnet-spoke-aks",
            "location": "westeurope",
            "name": "vnet-spoke-aks",
            "resource_group_name": "rg-esp-spoke-aks-infra",
            "subnets": [
              "subnet-pods",
              "subnet-pods-poolappsarm",
              "subnet-nodes",
              "subnet-apiserver",
              "subnet-appgw",
              "subnet-nodes-poolappsarm",
              "subnet-spoke-aks-pe"
            ],
            "tags": {
              "architecture": "Hub\u0026Spoke",
              "environment": "development",
              "source": "terraform"
            },
            "timeouts": null,
            "vnet_peerings": {
              "vnet_peering_vnet-spoke-aks_to_hub": "/subscriptions/82f6d75e-85f4-434a-ab74-5dddd9fa8910/resourceGroups/rg-esp-hub/providers/Microsoft.Network/virtualNetworks/vnet-hub"
            },
            "vnet_peerings_addresses": [
              "172.16.0.0/16"
            ]
          },
          "sensitive_attributes": []
        }
      ]
    },
    {
      "mode": "data",
      "type": "terraform_remote_state",
      "name": "management",
      "provider": "provider[\"terraform.io/builtin/terraform\"]",
      "instances": [
        {
          "schema_version": 0,
          "attributes": {
            "backend": "local",
            "config": {
              "value": {
                "path": "../01_management/terraform.tfstate"
              },
              "type": [
                "object",
                {
                  "path": "string"
                }
              ]
            },
            "defaults": null,
            "outputs": {
              "value": {
                "log_analytics_workspace": {
                  "id": "/subscriptions/82f6d75e-85f4-434a-ab74-5dddd9fa8910/resourceGroups/rg-esp-management/providers/Microsoft.OperationalInsights/workspaces/loganalyticsforaks011",
                  "location": "westeurope",
                  "workspace_id": "5979d6d0-ec18-4669-a615-930384a80272"
                }
              },
              "type": [
                "object",
                {
                  "log_analytics_workspace": [
                    "object",
                    {
                      "id": "string",
                      "location": "string",
                      "workspace_id": "string"
                    }
                  ]
                }
              ]
            },
            "workspace": null
          },
          "sensitive_attributes": []
        }
      ]
    },
    {
      "mode": "managed",
      "type": "azurerm_network_security_group",
      "name": "nsg",
      "provider": "provider[\"registry.terraform.io/hashicorp/azurerm\"]",
      "instances": [
        {
          "index_key": "vnet-hub",
          "schema_version": 0,
          "attributes": {
            "id": "/subscriptions/82f6d75e-85f4-434a-ab74-5dddd9fa8910/resourceGroups/rg-esp-hub/providers/Microsoft.Network/networkSecurityGroups/nsg-vnet-hub",
            "location": "westeurope",
            "name": "nsg-vnet-hub",
            "resource_group_name": "rg-esp-hub",
            "security_rule": [],
            "tags": {
              "architecture": "Hub\u0026Spoke",
              "environment": "development",
              "source": "terraform"
            },
            "timeouts": null
          },
          "sensitive_attributes": [],
          "private": "eyJlMmJmYjczMC1lY2FhLTExZTYtOGY4OC0zNDM2M2JjN2M0YzAiOnsiY3JlYXRlIjoxODAwMDAwMDAwMDAwLCJkZWxldGUiOjE4MDAwMDAwMDAwMDAsInJlYWQiOjMwMDAwMDAwMDAwMCwidXBkYXRlIjoxODAwMDAwMDAwMDAwfX0=",
          "dependencies": [
            "data.azurerm_resources.vnet"
          ]
        },
        {
          "index_key": "vnet-spoke-aks",
          "schema_version": 0,
          "attributes": {
            "id": "/subscriptions/82f6d75e-85f4-434a-ab74-5dddd9fa8910/resourceGroups/rg-esp-spoke-aks-infra/providers/Microsoft.Network/networkSecurityGroups/nsg-vnet-spoke-aks",
            "location": "westeurope",
            "name": "nsg-vnet-spoke-aks",
            "resource_group_name": "rg-esp-spoke-aks-infra",
            "security_rule": [],
            "tags": {
              "architecture": "Hub\u0026Spoke",
              "environment": "development",
              "source": "terraform"
            },
            "timeouts": null
          },
          "sensitive_attributes": [],
          "private": "eyJlMmJmYjczMC1lY2FhLTExZTYtOGY4OC0zNDM2M2JjN2M0YzAiOnsiY3JlYXRlIjoxODAwMDAwMDAwMDAwLCJkZWxldGUiOjE4MDAwMDAwMDAwMDAsInJlYWQiOjMwMDAwMDAwMDAwMCwidXBkYXRlIjoxODAwMDAwMDAwMDAwfX0=",
          "dependencies": [
            "data.azurerm_resources.vnet"
          ]
        }
      ]
    },
    {
      "mode": "managed",
      "type": "azurerm_network_security_rule",
      "name": "rule_shared",
      "provider": "provider[\"registry.terraform.io/hashicorp/azurerm\"]",
      "instances": [
        {
          "index_key": "vnet-hub",
          "schema_version": 0,
          "attributes": {
            "access": "Allow",
            "description": "",
            "destination_address_prefix": "*",
            "destination_address_prefixes": null,
            "destination_application_security_group_ids": null,
            "destination_port_range": "*",
            "destination_port_ranges": null,
            "direction": "Outbound",
            "id": "/subscriptions/82f6d75e-85f4-434a-ab74-5dddd9fa8910/resourceGroups/rg-esp-hub/providers/Microsoft.Network/networkSecurityGroups/nsg-vnet-hub/securityRules/rule-shared",
            "name": "rule-shared",
            "network_security_group_name": "nsg-vnet-hub",
            "priority": 100,
            "protocol": "Tcp",
            "resource_group_name": "rg-esp-hub",
            "source_address_prefix": "*",
            "source_address_prefixes": null,
            "source_application_security_group_ids": null,
            "source_port_range": "*",
            "source_port_ranges": null,
            "timeouts": null
          },
          "sensitive_attributes": [],
          "private": "eyJlMmJmYjczMC1lY2FhLTExZTYtOGY4OC0zNDM2M2JjN2M0YzAiOnsiY3JlYXRlIjoxODAwMDAwMDAwMDAwLCJkZWxldGUiOjE4MDAwMDAwMDAwMDAsInJlYWQiOjMwMDAwMDAwMDAwMCwidXBkYXRlIjoxODAwMDAwMDAwMDAwfX0=",
          "dependencies": [
            "azurerm_network_security_group.nsg",
            "data.azurerm_resources.vnet"
          ]
        },
        {
          "index_key": "vnet-spoke-aks",
          "schema_version": 0,
          "attributes": {
            "access": "Allow",
            "description": "",
            "destination_address_prefix": "*",
            "destination_address_prefixes": null,
            "destination_application_security_group_ids": null,
            "destination_port_range": "*",
            "destination_port_ranges": null,
            "direction": "Outbound",
            "id": "/subscriptions/82f6d75e-85f4-434a-ab74-5dddd9fa8910/resourceGroups/rg-esp-spoke-aks-infra/providers/Microsoft.Network/networkSecurityGroups/nsg-vnet-spoke-aks/securityRules/rule-shared",
            "name": "rule-shared",
            "network_security_group_name": "nsg-vnet-spoke-aks",
            "priority": 100,
            "protocol": "Tcp",
            "resource_group_name": "rg-esp-spoke-aks-infra",
            "source_address_prefix": "*",
            "source_address_prefixes": null,
            "source_application_security_group_ids": null,
            "source_port_range": "*",
            "source_port_ranges": null,
            "timeouts": null
          },
          "sensitive_attributes": [],
          "private": "eyJlMmJmYjczMC1lY2FhLTExZTYtOGY4OC0zNDM2M2JjN2M0YzAiOnsiY3JlYXRlIjoxODAwMDAwMDAwMDAwLCJkZWxldGUiOjE4MDAwMDAwMDAwMDAsInJlYWQiOjMwMDAwMDAwMDAwMCwidXBkYXRlIjoxODAwMDAwMDAwMDAwfX0=",
          "dependencies": [
            "azurerm_network_security_group.nsg",
            "data.azurerm_resources.vnet"
          ]
        }
      ]
    },
    {
      "mode": "managed",
      "type": "azurerm_storage_account",
      "name": "network_log_data",
      "provider": "provider[\"registry.terraform.io/hashicorp/azurerm\"]",
      "instances": [
        {
          "index_key": 0,
          "schema_version": 3,
          "attributes": {
            "access_tier": "Hot",
            "account_kind": "StorageV2",
            "account_replication_type": "LRS",
            "account_tier": "Standard",
            "allow_nested_items_to_be_public": true,
            "allowed_copy_scope": "",
            "azure_files_authentication": [],
            "blob_properties": [
              {
                "change_feed_enabled": false,
                "change_feed_retention_in_days": 0,
                "container_delete_retention_policy": [],
                "cors_rule": [],
                "default_service_version": "",
                "delete_retention_policy": [],
                "last_access_time_enabled": false,
                "restore_policy": [],
                "versioning_enabled": false
              }
            ],
            "cross_tenant_replication_enabled": true,
            "custom_domain": [],
            "customer_managed_key": [],
            "default_to_oauth_authentication": false,
            "edge_zone": "",
            "enable_https_traffic_only": true,
            "id": "/subscriptions/82f6d75e-85f4-434a-ab74-5dddd9fa8910/resourceGroups/NetworkWatcherRG/providers/Microsoft.Storage/storageAccounts/storageforlogs011",
            "identity": [],
            "immutability_policy": [],
            "infrastructure_encryption_enabled": false,
            "is_hns_enabled": false,
            "large_file_share_enabled": null,
            "location": "westeurope",
            "min_tls_version": "TLS1_2",
            "name": "storageforlogs011",
            "network_rules": [
              {
                "bypass": [
                  "AzureServices"
                ],
                "default_action": "Allow",
                "ip_rules": [],
                "private_link_access": [],
                "virtual_network_subnet_ids": []
              }
            ],
            "nfsv3_enabled": false,
            "primary_access_key": "1sfiiNbyAk1/Clw7z75/BBfGoPjsvTxEi2z/twUZa1m9Hv87Egln3K6HM+j2tjoU28gJGv4QY2to+AStfF7yTA==",
            "primary_blob_connection_string": "DefaultEndpointsProtocol=https;BlobEndpoint=https://storageforlogs011.blob.core.windows.net/;AccountName=storageforlogs011;AccountKey=1sfiiNbyAk1/Clw7z75/BBfGoPjsvTxEi2z/twUZa1m9Hv87Egln3K6HM+j2tjoU28gJGv4QY2to+AStfF7yTA==",
            "primary_blob_endpoint": "https://storageforlogs011.blob.core.windows.net/",
            "primary_blob_host": "storageforlogs011.blob.core.windows.net",
            "primary_connection_string": "DefaultEndpointsProtocol=https;AccountName=storageforlogs011;AccountKey=1sfiiNbyAk1/Clw7z75/BBfGoPjsvTxEi2z/twUZa1m9Hv87Egln3K6HM+j2tjoU28gJGv4QY2to+AStfF7yTA==;EndpointSuffix=core.windows.net",
            "primary_dfs_endpoint": "https://storageforlogs011.dfs.core.windows.net/",
            "primary_dfs_host": "storageforlogs011.dfs.core.windows.net",
            "primary_file_endpoint": "https://storageforlogs011.file.core.windows.net/",
            "primary_file_host": "storageforlogs011.file.core.windows.net",
            "primary_location": "westeurope",
            "primary_queue_endpoint": "https://storageforlogs011.queue.core.windows.net/",
            "primary_queue_host": "storageforlogs011.queue.core.windows.net",
            "primary_table_endpoint": "https://storageforlogs011.table.core.windows.net/",
            "primary_table_host": "storageforlogs011.table.core.windows.net",
            "primary_web_endpoint": "https://storageforlogs011.z6.web.core.windows.net/",
            "primary_web_host": "storageforlogs011.z6.web.core.windows.net",
            "public_network_access_enabled": true,
            "queue_encryption_key_type": "Service",
            "queue_properties": [
              {
                "cors_rule": [],
                "hour_metrics": [
                  {
                    "enabled": true,
                    "include_apis": true,
                    "retention_policy_days": 7,
                    "version": "1.0"
                  }
                ],
                "logging": [
                  {
                    "delete": false,
                    "read": false,
                    "retention_policy_days": 0,
                    "version": "1.0",
                    "write": false
                  }
                ],
                "minute_metrics": [
                  {
                    "enabled": false,
                    "include_apis": false,
                    "retention_policy_days": 0,
                    "version": "1.0"
                  }
                ]
              }
            ],
            "resource_group_name": "NetworkWatcherRG",
            "routing": [],
            "sas_policy": [],
            "secondary_access_key": "Rp0/iGag/9DS/o7JyYCbyhTBsAQQ4+Si6PQ+L99J0PKImq1Rp/lMM4ByzR22RQQ7Tmg3I1GCBIL9+ASteIpmKA==",
            "secondary_blob_connection_string": "",
            "secondary_blob_endpoint": null,
            "secondary_blob_host": null,
            "secondary_connection_string": "DefaultEndpointsProtocol=https;AccountName=storageforlogs011;AccountKey=Rp0/iGag/9DS/o7JyYCbyhTBsAQQ4+Si6PQ+L99J0PKImq1Rp/lMM4ByzR22RQQ7Tmg3I1GCBIL9+ASteIpmKA==;EndpointSuffix=core.windows.net",
            "secondary_dfs_endpoint": null,
            "secondary_dfs_host": null,
            "secondary_file_endpoint": null,
            "secondary_file_host": null,
            "secondary_location": "",
            "secondary_queue_endpoint": null,
            "secondary_queue_host": null,
            "secondary_table_endpoint": null,
            "secondary_table_host": null,
            "secondary_web_endpoint": null,
            "secondary_web_host": null,
            "sftp_enabled": false,
            "share_properties": [
              {
                "cors_rule": [],
                "retention_policy": [
                  {
                    "days": 7
                  }
                ],
                "smb": []
              }
            ],
            "shared_access_key_enabled": true,
            "static_website": [],
            "table_encryption_key_type": "Service",
            "tags": {
              "architecture": "Hub\u0026Spoke",
              "environment": "development",
              "source": "terraform"
            },
            "timeouts": null
          },
          "sensitive_attributes": [],
          "private": "eyJlMmJmYjczMC1lY2FhLTExZTYtOGY4OC0zNDM2M2JjN2M0YzAiOnsiY3JlYXRlIjozNjAwMDAwMDAwMDAwLCJkZWxldGUiOjM2MDAwMDAwMDAwMDAsInJlYWQiOjMwMDAwMDAwMDAwMCwidXBkYXRlIjozNjAwMDAwMDAwMDAwfSwic2NoZW1hX3ZlcnNpb24iOiIzIn0=",
          "dependencies": [
            "data.azurerm_network_watcher.network_watcher_regional"
          ]
        }
      ]
    },
    {
      "mode": "managed",
      "type": "azurerm_subnet_network_security_group_association",
      "name": "subnet_nsg_association",
      "provider": "provider[\"registry.terraform.io/hashicorp/azurerm\"]",
      "instances": [
        {
          "index_key": "subnet-nodes-poolappsarm",
          "schema_version": 0,
          "attributes": {
            "id": "/subscriptions/82f6d75e-85f4-434a-ab74-5dddd9fa8910/resourceGroups/rg-esp-spoke-aks-infra/providers/Microsoft.Network/virtualNetworks/vnet-spoke-aks/subnets/subnet-nodes-poolappsarm",
            "network_security_group_id": "/subscriptions/82f6d75e-85f4-434a-ab74-5dddd9fa8910/resourceGroups/rg-esp-spoke-aks-infra/providers/Microsoft.Network/networkSecurityGroups/nsg-vnet-spoke-aks",
            "subnet_id": "/subscriptions/82f6d75e-85f4-434a-ab74-5dddd9fa8910/resourceGroups/rg-esp-spoke-aks-infra/providers/Microsoft.Network/virtualNetworks/vnet-spoke-aks/subnets/subnet-nodes-poolappsarm",
            "timeouts": null
          },
          "sensitive_attributes": [],
          "private": "eyJlMmJmYjczMC1lY2FhLTExZTYtOGY4OC0zNDM2M2JjN2M0YzAiOnsiY3JlYXRlIjoxODAwMDAwMDAwMDAwLCJkZWxldGUiOjE4MDAwMDAwMDAwMDAsInJlYWQiOjMwMDAwMDAwMDAwMCwidXBkYXRlIjoxODAwMDAwMDAwMDAwfX0=",
          "dependencies": [
            "azurerm_network_security_group.nsg",
            "data.azurerm_resources.vnet",
            "data.azurerm_virtual_network.vnet"
          ]
        },
        {
          "index_key": "subnet-spoke-aks-pe",
          "schema_version": 0,
          "attributes": {
            "id": "/subscriptions/82f6d75e-85f4-434a-ab74-5dddd9fa8910/resourceGroups/rg-esp-spoke-aks-infra/providers/Microsoft.Network/virtualNetworks/vnet-spoke-aks/subnets/subnet-spoke-aks-pe",
            "network_security_group_id": "/subscriptions/82f6d75e-85f4-434a-ab74-5dddd9fa8910/resourceGroups/rg-esp-spoke-aks-infra/providers/Microsoft.Network/networkSecurityGroups/nsg-vnet-spoke-aks",
            "subnet_id": "/subscriptions/82f6d75e-85f4-434a-ab74-5dddd9fa8910/resourceGroups/rg-esp-spoke-aks-infra/providers/Microsoft.Network/virtualNetworks/vnet-spoke-aks/subnets/subnet-spoke-aks-pe",
            "timeouts": null
          },
          "sensitive_attributes": [],
          "private": "eyJlMmJmYjczMC1lY2FhLTExZTYtOGY4OC0zNDM2M2JjN2M0YzAiOnsiY3JlYXRlIjoxODAwMDAwMDAwMDAwLCJkZWxldGUiOjE4MDAwMDAwMDAwMDAsInJlYWQiOjMwMDAwMDAwMDAwMCwidXBkYXRlIjoxODAwMDAwMDAwMDAwfX0=",
          "dependencies": [
            "azurerm_network_security_group.nsg",
            "data.azurerm_resources.vnet",
            "data.azurerm_virtual_network.vnet"
          ]
        }
      ]
    },
    {
      "module": "module.azurerm_network_watcher_flow_log[\"aks-agentpool-35064155-nsg\"]",
      "mode": "managed",
      "type": "azurerm_network_watcher_flow_log",
      "name": "network_flow_logs",
      "provider": "provider[\"registry.terraform.io/hashicorp/azurerm\"]",
      "instances": [
        {
          "schema_version": 1,
          "attributes": {
            "enabled": true,
            "id": "/subscriptions/82f6d75e-85f4-434a-ab74-5dddd9fa8910/resourceGroups/NetworkWatcherRG/providers/Microsoft.Network/networkWatchers/NetworkWatcher_westeurope/flowLogs/aks-agentpool-35064155-nsg",
            "location": "westeurope",
            "name": "aks-agentpool-35064155-nsg",
            "network_security_group_id": "/subscriptions/82f6d75e-85f4-434a-ab74-5dddd9fa8910/resourceGroups/rg-esp-spoke-aks-nodes/providers/Microsoft.Network/networkSecurityGroups/aks-agentpool-35064155-nsg",
            "network_watcher_name": "NetworkWatcher_westeurope",
            "resource_group_name": "NetworkWatcherRG",
            "retention_policy": [
              {
                "days": 7,
                "enabled": true
              }
            ],
            "storage_account_id": "/subscriptions/82f6d75e-85f4-434a-ab74-5dddd9fa8910/resourceGroups/NetworkWatcherRG/providers/Microsoft.Storage/storageAccounts/storageforlogs011",
            "tags": null,
            "timeouts": null,
            "traffic_analytics": [
              {
                "enabled": true,
                "interval_in_minutes": 10,
                "workspace_id": "5979d6d0-ec18-4669-a615-930384a80272",
                "workspace_region": "westeurope",
                "workspace_resource_id": "/subscriptions/82f6d75e-85f4-434a-ab74-5dddd9fa8910/resourceGroups/rg-esp-management/providers/Microsoft.OperationalInsights/workspaces/loganalyticsforaks011"
              }
            ],
            "version": 2
          },
          "sensitive_attributes": [],
          "private": "eyJlMmJmYjczMC1lY2FhLTExZTYtOGY4OC0zNDM2M2JjN2M0YzAiOnsiY3JlYXRlIjoxODAwMDAwMDAwMDAwLCJkZWxldGUiOjE4MDAwMDAwMDAwMDAsInJlYWQiOjMwMDAwMDAwMDAwMCwidXBkYXRlIjoxODAwMDAwMDAwMDAwfSwic2NoZW1hX3ZlcnNpb24iOiIxIn0=",
          "dependencies": [
            "azurerm_storage_account.network_log_data",
            "data.azurerm_network_watcher.network_watcher_regional",
            "data.azurerm_resources.nsg_flowlogs",
            "data.terraform_remote_state.management"
          ]
        }
      ]
    },
    {
      "module": "module.azurerm_network_watcher_flow_log[\"vnet-hub-AzureBastionSubnet-nsg-westeurope\"]",
      "mode": "managed",
      "type": "azurerm_network_watcher_flow_log",
      "name": "network_flow_logs",
      "provider": "provider[\"registry.terraform.io/hashicorp/azurerm\"]",
      "instances": [
        {
          "schema_version": 1,
          "attributes": {
            "enabled": true,
            "id": "/subscriptions/82f6d75e-85f4-434a-ab74-5dddd9fa8910/resourceGroups/NetworkWatcherRG/providers/Microsoft.Network/networkWatchers/NetworkWatcher_westeurope/flowLogs/vnet-hub-AzureBastionSubnet-nsg-westeurope",
            "location": "westeurope",
            "name": "vnet-hub-AzureBastionSubnet-nsg-westeurope",
            "network_security_group_id": "/subscriptions/82f6d75e-85f4-434a-ab74-5dddd9fa8910/resourceGroups/rg-esp-hub/providers/Microsoft.Network/networkSecurityGroups/vnet-hub-AzureBastionSubnet-nsg-westeurope",
            "network_watcher_name": "NetworkWatcher_westeurope",
            "resource_group_name": "NetworkWatcherRG",
            "retention_policy": [
              {
                "days": 7,
                "enabled": true
              }
            ],
            "storage_account_id": "/subscriptions/82f6d75e-85f4-434a-ab74-5dddd9fa8910/resourceGroups/NetworkWatcherRG/providers/Microsoft.Storage/storageAccounts/storageforlogs011",
            "tags": null,
            "timeouts": null,
            "traffic_analytics": [
              {
                "enabled": true,
                "interval_in_minutes": 10,
                "workspace_id": "5979d6d0-ec18-4669-a615-930384a80272",
                "workspace_region": "westeurope",
                "workspace_resource_id": "/subscriptions/82f6d75e-85f4-434a-ab74-5dddd9fa8910/resourceGroups/rg-esp-management/providers/Microsoft.OperationalInsights/workspaces/loganalyticsforaks011"
              }
            ],
            "version": 2
          },
          "sensitive_attributes": [],
          "private": "eyJlMmJmYjczMC1lY2FhLTExZTYtOGY4OC0zNDM2M2JjN2M0YzAiOnsiY3JlYXRlIjoxODAwMDAwMDAwMDAwLCJkZWxldGUiOjE4MDAwMDAwMDAwMDAsInJlYWQiOjMwMDAwMDAwMDAwMCwidXBkYXRlIjoxODAwMDAwMDAwMDAwfSwic2NoZW1hX3ZlcnNpb24iOiIxIn0=",
          "dependencies": [
            "azurerm_storage_account.network_log_data",
            "data.azurerm_network_watcher.network_watcher_regional",
            "data.azurerm_resources.nsg_flowlogs",
            "data.terraform_remote_state.management"
          ]
        }
      ]
    },
    {
      "module": "module.azurerm_network_watcher_flow_log[\"vnet-hub-subnet-vm-nsg-westeurope\"]",
      "mode": "managed",
      "type": "azurerm_network_watcher_flow_log",
      "name": "network_flow_logs",
      "provider": "provider[\"registry.terraform.io/hashicorp/azurerm\"]",
      "instances": [
        {
          "schema_version": 1,
          "attributes": {
            "enabled": true,
            "id": "/subscriptions/82f6d75e-85f4-434a-ab74-5dddd9fa8910/resourceGroups/NetworkWatcherRG/providers/Microsoft.Network/networkWatchers/NetworkWatcher_westeurope/flowLogs/vnet-hub-subnet-vm-nsg-westeurope",
            "location": "westeurope",
            "name": "vnet-hub-subnet-vm-nsg-westeurope",
            "network_security_group_id": "/subscriptions/82f6d75e-85f4-434a-ab74-5dddd9fa8910/resourceGroups/rg-esp-hub/providers/Microsoft.Network/networkSecurityGroups/vnet-hub-subnet-vm-nsg-westeurope",
            "network_watcher_name": "NetworkWatcher_westeurope",
            "resource_group_name": "NetworkWatcherRG",
            "retention_policy": [
              {
                "days": 7,
                "enabled": true
              }
            ],
            "storage_account_id": "/subscriptions/82f6d75e-85f4-434a-ab74-5dddd9fa8910/resourceGroups/NetworkWatcherRG/providers/Microsoft.Storage/storageAccounts/storageforlogs011",
            "tags": null,
            "timeouts": null,
            "traffic_analytics": [
              {
                "enabled": true,
                "interval_in_minutes": 10,
                "workspace_id": "5979d6d0-ec18-4669-a615-930384a80272",
                "workspace_region": "westeurope",
                "workspace_resource_id": "/subscriptions/82f6d75e-85f4-434a-ab74-5dddd9fa8910/resourceGroups/rg-esp-management/providers/Microsoft.OperationalInsights/workspaces/loganalyticsforaks011"
              }
            ],
            "version": 2
          },
          "sensitive_attributes": [],
          "private": "eyJlMmJmYjczMC1lY2FhLTExZTYtOGY4OC0zNDM2M2JjN2M0YzAiOnsiY3JlYXRlIjoxODAwMDAwMDAwMDAwLCJkZWxldGUiOjE4MDAwMDAwMDAwMDAsInJlYWQiOjMwMDAwMDAwMDAwMCwidXBkYXRlIjoxODAwMDAwMDAwMDAwfSwic2NoZW1hX3ZlcnNpb24iOiIxIn0=",
          "dependencies": [
            "azurerm_storage_account.network_log_data",
            "data.azurerm_network_watcher.network_watcher_regional",
            "data.azurerm_resources.nsg_flowlogs",
            "data.terraform_remote_state.management"
          ]
        }
      ]
    },
    {
      "module": "module.azurerm_network_watcher_flow_log[\"vnet-spoke-aks-subnet-apiserver-nsg-westeurope\"]",
      "mode": "managed",
      "type": "azurerm_network_watcher_flow_log",
      "name": "network_flow_logs",
      "provider": "provider[\"registry.terraform.io/hashicorp/azurerm\"]",
      "instances": [
        {
          "schema_version": 1,
          "attributes": {
            "enabled": true,
            "id": "/subscriptions/82f6d75e-85f4-434a-ab74-5dddd9fa8910/resourceGroups/NetworkWatcherRG/providers/Microsoft.Network/networkWatchers/NetworkWatcher_westeurope/flowLogs/vnet-spoke-aks-subnet-apiserver-nsg-westeurope",
            "location": "westeurope",
            "name": "vnet-spoke-aks-subnet-apiserver-nsg-westeurope",
            "network_security_group_id": "/subscriptions/82f6d75e-85f4-434a-ab74-5dddd9fa8910/resourceGroups/rg-esp-spoke-aks-infra/providers/Microsoft.Network/networkSecurityGroups/vnet-spoke-aks-subnet-apiserver-nsg-westeurope",
            "network_watcher_name": "NetworkWatcher_westeurope",
            "resource_group_name": "NetworkWatcherRG",
            "retention_policy": [
              {
                "days": 7,
                "enabled": true
              }
            ],
            "storage_account_id": "/subscriptions/82f6d75e-85f4-434a-ab74-5dddd9fa8910/resourceGroups/NetworkWatcherRG/providers/Microsoft.Storage/storageAccounts/storageforlogs011",
            "tags": null,
            "timeouts": null,
            "traffic_analytics": [
              {
                "enabled": true,
                "interval_in_minutes": 10,
                "workspace_id": "5979d6d0-ec18-4669-a615-930384a80272",
                "workspace_region": "westeurope",
                "workspace_resource_id": "/subscriptions/82f6d75e-85f4-434a-ab74-5dddd9fa8910/resourceGroups/rg-esp-management/providers/Microsoft.OperationalInsights/workspaces/loganalyticsforaks011"
              }
            ],
            "version": 2
          },
          "sensitive_attributes": [],
          "private": "eyJlMmJmYjczMC1lY2FhLTExZTYtOGY4OC0zNDM2M2JjN2M0YzAiOnsiY3JlYXRlIjoxODAwMDAwMDAwMDAwLCJkZWxldGUiOjE4MDAwMDAwMDAwMDAsInJlYWQiOjMwMDAwMDAwMDAwMCwidXBkYXRlIjoxODAwMDAwMDAwMDAwfSwic2NoZW1hX3ZlcnNpb24iOiIxIn0=",
          "dependencies": [
            "azurerm_storage_account.network_log_data",
            "data.azurerm_network_watcher.network_watcher_regional",
            "data.azurerm_resources.nsg_flowlogs",
            "data.terraform_remote_state.management"
          ]
        }
      ]
    },
    {
      "module": "module.azurerm_network_watcher_flow_log[\"vnet-spoke-aks-subnet-appgw-nsg-westeurope\"]",
      "mode": "managed",
      "type": "azurerm_network_watcher_flow_log",
      "name": "network_flow_logs",
      "provider": "provider[\"registry.terraform.io/hashicorp/azurerm\"]",
      "instances": [
        {
          "schema_version": 1,
          "attributes": {
            "enabled": true,
            "id": "/subscriptions/82f6d75e-85f4-434a-ab74-5dddd9fa8910/resourceGroups/NetworkWatcherRG/providers/Microsoft.Network/networkWatchers/NetworkWatcher_westeurope/flowLogs/vnet-spoke-aks-subnet-appgw-nsg-westeurope",
            "location": "westeurope",
            "name": "vnet-spoke-aks-subnet-appgw-nsg-westeurope",
            "network_security_group_id": "/subscriptions/82f6d75e-85f4-434a-ab74-5dddd9fa8910/resourceGroups/rg-esp-spoke-aks-infra/providers/Microsoft.Network/networkSecurityGroups/vnet-spoke-aks-subnet-appgw-nsg-westeurope",
            "network_watcher_name": "NetworkWatcher_westeurope",
            "resource_group_name": "NetworkWatcherRG",
            "retention_policy": [
              {
                "days": 7,
                "enabled": true
              }
            ],
            "storage_account_id": "/subscriptions/82f6d75e-85f4-434a-ab74-5dddd9fa8910/resourceGroups/NetworkWatcherRG/providers/Microsoft.Storage/storageAccounts/storageforlogs011",
            "tags": null,
            "timeouts": null,
            "traffic_analytics": [
              {
                "enabled": true,
                "interval_in_minutes": 10,
                "workspace_id": "5979d6d0-ec18-4669-a615-930384a80272",
                "workspace_region": "westeurope",
                "workspace_resource_id": "/subscriptions/82f6d75e-85f4-434a-ab74-5dddd9fa8910/resourceGroups/rg-esp-management/providers/Microsoft.OperationalInsights/workspaces/loganalyticsforaks011"
              }
            ],
            "version": 2
          },
          "sensitive_attributes": [],
          "private": "eyJlMmJmYjczMC1lY2FhLTExZTYtOGY4OC0zNDM2M2JjN2M0YzAiOnsiY3JlYXRlIjoxODAwMDAwMDAwMDAwLCJkZWxldGUiOjE4MDAwMDAwMDAwMDAsInJlYWQiOjMwMDAwMDAwMDAwMCwidXBkYXRlIjoxODAwMDAwMDAwMDAwfSwic2NoZW1hX3ZlcnNpb24iOiIxIn0=",
          "dependencies": [
            "azurerm_storage_account.network_log_data",
            "data.azurerm_network_watcher.network_watcher_regional",
            "data.azurerm_resources.nsg_flowlogs",
            "data.terraform_remote_state.management"
          ]
        }
      ]
    },
    {
      "module": "module.azurerm_network_watcher_flow_log[\"vnet-spoke-aks-subnet-nodes-nsg-westeurope\"]",
      "mode": "managed",
      "type": "azurerm_network_watcher_flow_log",
      "name": "network_flow_logs",
      "provider": "provider[\"registry.terraform.io/hashicorp/azurerm\"]",
      "instances": [
        {
          "schema_version": 1,
          "attributes": {
            "enabled": true,
            "id": "/subscriptions/82f6d75e-85f4-434a-ab74-5dddd9fa8910/resourceGroups/NetworkWatcherRG/providers/Microsoft.Network/networkWatchers/NetworkWatcher_westeurope/flowLogs/vnet-spoke-aks-subnet-nodes-nsg-westeurope",
            "location": "westeurope",
            "name": "vnet-spoke-aks-subnet-nodes-nsg-westeurope",
            "network_security_group_id": "/subscriptions/82f6d75e-85f4-434a-ab74-5dddd9fa8910/resourceGroups/rg-esp-spoke-aks-infra/providers/Microsoft.Network/networkSecurityGroups/vnet-spoke-aks-subnet-nodes-nsg-westeurope",
            "network_watcher_name": "NetworkWatcher_westeurope",
            "resource_group_name": "NetworkWatcherRG",
            "retention_policy": [
              {
                "days": 7,
                "enabled": true
              }
            ],
            "storage_account_id": "/subscriptions/82f6d75e-85f4-434a-ab74-5dddd9fa8910/resourceGroups/NetworkWatcherRG/providers/Microsoft.Storage/storageAccounts/storageforlogs011",
            "tags": null,
            "timeouts": null,
            "traffic_analytics": [
              {
                "enabled": true,
                "interval_in_minutes": 10,
                "workspace_id": "5979d6d0-ec18-4669-a615-930384a80272",
                "workspace_region": "westeurope",
                "workspace_resource_id": "/subscriptions/82f6d75e-85f4-434a-ab74-5dddd9fa8910/resourceGroups/rg-esp-management/providers/Microsoft.OperationalInsights/workspaces/loganalyticsforaks011"
              }
            ],
            "version": 2
          },
          "sensitive_attributes": [],
          "private": "eyJlMmJmYjczMC1lY2FhLTExZTYtOGY4OC0zNDM2M2JjN2M0YzAiOnsiY3JlYXRlIjoxODAwMDAwMDAwMDAwLCJkZWxldGUiOjE4MDAwMDAwMDAwMDAsInJlYWQiOjMwMDAwMDAwMDAwMCwidXBkYXRlIjoxODAwMDAwMDAwMDAwfSwic2NoZW1hX3ZlcnNpb24iOiIxIn0=",
          "dependencies": [
            "azurerm_storage_account.network_log_data",
            "data.azurerm_network_watcher.network_watcher_regional",
            "data.azurerm_resources.nsg_flowlogs",
            "data.terraform_remote_state.management"
          ]
        }
      ]
    },
    {
      "module": "module.azurerm_network_watcher_flow_log[\"vnet-spoke-aks-subnet-nodes-poolappsarm-nsg-westeurope\"]",
      "mode": "managed",
      "type": "azurerm_network_watcher_flow_log",
      "name": "network_flow_logs",
      "provider": "provider[\"registry.terraform.io/hashicorp/azurerm\"]",
      "instances": [
        {
          "schema_version": 1,
          "attributes": {
            "enabled": true,
            "id": "/subscriptions/82f6d75e-85f4-434a-ab74-5dddd9fa8910/resourceGroups/NetworkWatcherRG/providers/Microsoft.Network/networkWatchers/NetworkWatcher_westeurope/flowLogs/vnet-spoke-aks-subnet-nodes-poolappsarm-nsg-westeurope",
            "location": "westeurope",
            "name": "vnet-spoke-aks-subnet-nodes-poolappsarm-nsg-westeurope",
            "network_security_group_id": "/subscriptions/82f6d75e-85f4-434a-ab74-5dddd9fa8910/resourceGroups/rg-esp-spoke-aks-infra/providers/Microsoft.Network/networkSecurityGroups/vnet-spoke-aks-subnet-nodes-poolappsarm-nsg-westeurope",
            "network_watcher_name": "NetworkWatcher_westeurope",
            "resource_group_name": "NetworkWatcherRG",
            "retention_policy": [
              {
                "days": 7,
                "enabled": true
              }
            ],
            "storage_account_id": "/subscriptions/82f6d75e-85f4-434a-ab74-5dddd9fa8910/resourceGroups/NetworkWatcherRG/providers/Microsoft.Storage/storageAccounts/storageforlogs011",
            "tags": null,
            "timeouts": null,
            "traffic_analytics": [
              {
                "enabled": true,
                "interval_in_minutes": 10,
                "workspace_id": "5979d6d0-ec18-4669-a615-930384a80272",
                "workspace_region": "westeurope",
                "workspace_resource_id": "/subscriptions/82f6d75e-85f4-434a-ab74-5dddd9fa8910/resourceGroups/rg-esp-management/providers/Microsoft.OperationalInsights/workspaces/loganalyticsforaks011"
              }
            ],
            "version": 2
          },
          "sensitive_attributes": [],
          "private": "eyJlMmJmYjczMC1lY2FhLTExZTYtOGY4OC0zNDM2M2JjN2M0YzAiOnsiY3JlYXRlIjoxODAwMDAwMDAwMDAwLCJkZWxldGUiOjE4MDAwMDAwMDAwMDAsInJlYWQiOjMwMDAwMDAwMDAwMCwidXBkYXRlIjoxODAwMDAwMDAwMDAwfSwic2NoZW1hX3ZlcnNpb24iOiIxIn0=",
          "dependencies": [
            "azurerm_storage_account.network_log_data",
            "data.azurerm_network_watcher.network_watcher_regional",
            "data.azurerm_resources.nsg_flowlogs",
            "data.terraform_remote_state.management"
          ]
        }
      ]
    },
    {
      "module": "module.azurerm_network_watcher_flow_log[\"vnet-spoke-aks-subnet-pods-nsg-westeurope\"]",
      "mode": "managed",
      "type": "azurerm_network_watcher_flow_log",
      "name": "network_flow_logs",
      "provider": "provider[\"registry.terraform.io/hashicorp/azurerm\"]",
      "instances": [
        {
          "schema_version": 1,
          "attributes": {
            "enabled": true,
            "id": "/subscriptions/82f6d75e-85f4-434a-ab74-5dddd9fa8910/resourceGroups/NetworkWatcherRG/providers/Microsoft.Network/networkWatchers/NetworkWatcher_westeurope/flowLogs/vnet-spoke-aks-subnet-pods-nsg-westeurope",
            "location": "westeurope",
            "name": "vnet-spoke-aks-subnet-pods-nsg-westeurope",
            "network_security_group_id": "/subscriptions/82f6d75e-85f4-434a-ab74-5dddd9fa8910/resourceGroups/rg-esp-spoke-aks-infra/providers/Microsoft.Network/networkSecurityGroups/vnet-spoke-aks-subnet-pods-nsg-westeurope",
            "network_watcher_name": "NetworkWatcher_westeurope",
            "resource_group_name": "NetworkWatcherRG",
            "retention_policy": [
              {
                "days": 7,
                "enabled": true
              }
            ],
            "storage_account_id": "/subscriptions/82f6d75e-85f4-434a-ab74-5dddd9fa8910/resourceGroups/NetworkWatcherRG/providers/Microsoft.Storage/storageAccounts/storageforlogs011",
            "tags": null,
            "timeouts": null,
            "traffic_analytics": [
              {
                "enabled": true,
                "interval_in_minutes": 10,
                "workspace_id": "5979d6d0-ec18-4669-a615-930384a80272",
                "workspace_region": "westeurope",
                "workspace_resource_id": "/subscriptions/82f6d75e-85f4-434a-ab74-5dddd9fa8910/resourceGroups/rg-esp-management/providers/Microsoft.OperationalInsights/workspaces/loganalyticsforaks011"
              }
            ],
            "version": 2
          },
          "sensitive_attributes": [],
          "private": "eyJlMmJmYjczMC1lY2FhLTExZTYtOGY4OC0zNDM2M2JjN2M0YzAiOnsiY3JlYXRlIjoxODAwMDAwMDAwMDAwLCJkZWxldGUiOjE4MDAwMDAwMDAwMDAsInJlYWQiOjMwMDAwMDAwMDAwMCwidXBkYXRlIjoxODAwMDAwMDAwMDAwfSwic2NoZW1hX3ZlcnNpb24iOiIxIn0=",
          "dependencies": [
            "azurerm_storage_account.network_log_data",
            "data.azurerm_network_watcher.network_watcher_regional",
            "data.azurerm_resources.nsg_flowlogs",
            "data.terraform_remote_state.management"
          ]
        }
      ]
    },
    {
      "module": "module.azurerm_network_watcher_flow_log[\"vnet-spoke-aks-subnet-pods-poolappsarm-nsg-westeurope\"]",
      "mode": "managed",
      "type": "azurerm_network_watcher_flow_log",
      "name": "network_flow_logs",
      "provider": "provider[\"registry.terraform.io/hashicorp/azurerm\"]",
      "instances": [
        {
          "schema_version": 1,
          "attributes": {
            "enabled": true,
            "id": "/subscriptions/82f6d75e-85f4-434a-ab74-5dddd9fa8910/resourceGroups/NetworkWatcherRG/providers/Microsoft.Network/networkWatchers/NetworkWatcher_westeurope/flowLogs/vnet-spoke-aks-subnet-pods-poolappsarm-nsg-westeurope",
            "location": "westeurope",
            "name": "vnet-spoke-aks-subnet-pods-poolappsarm-nsg-westeurope",
            "network_security_group_id": "/subscriptions/82f6d75e-85f4-434a-ab74-5dddd9fa8910/resourceGroups/rg-esp-spoke-aks-infra/providers/Microsoft.Network/networkSecurityGroups/vnet-spoke-aks-subnet-pods-poolappsarm-nsg-westeurope",
            "network_watcher_name": "NetworkWatcher_westeurope",
            "resource_group_name": "NetworkWatcherRG",
            "retention_policy": [
              {
                "days": 7,
                "enabled": true
              }
            ],
            "storage_account_id": "/subscriptions/82f6d75e-85f4-434a-ab74-5dddd9fa8910/resourceGroups/NetworkWatcherRG/providers/Microsoft.Storage/storageAccounts/storageforlogs011",
            "tags": null,
            "timeouts": null,
            "traffic_analytics": [
              {
                "enabled": true,
                "interval_in_minutes": 10,
                "workspace_id": "5979d6d0-ec18-4669-a615-930384a80272",
                "workspace_region": "westeurope",
                "workspace_resource_id": "/subscriptions/82f6d75e-85f4-434a-ab74-5dddd9fa8910/resourceGroups/rg-esp-management/providers/Microsoft.OperationalInsights/workspaces/loganalyticsforaks011"
              }
            ],
            "version": 2
          },
          "sensitive_attributes": [],
          "private": "eyJlMmJmYjczMC1lY2FhLTExZTYtOGY4OC0zNDM2M2JjN2M0YzAiOnsiY3JlYXRlIjoxODAwMDAwMDAwMDAwLCJkZWxldGUiOjE4MDAwMDAwMDAwMDAsInJlYWQiOjMwMDAwMDAwMDAwMCwidXBkYXRlIjoxODAwMDAwMDAwMDAwfSwic2NoZW1hX3ZlcnNpb24iOiIxIn0=",
          "dependencies": [
            "azurerm_storage_account.network_log_data",
            "data.azurerm_network_watcher.network_watcher_regional",
            "data.azurerm_resources.nsg_flowlogs",
            "data.terraform_remote_state.management"
          ]
        }
      ]
    },
    {
      "module": "module.azurerm_network_watcher_flow_log[\"vnet-spoke-aks-subnet-spoke-aks-pe-nsg-westeurope\"]",
      "mode": "managed",
      "type": "azurerm_network_watcher_flow_log",
      "name": "network_flow_logs",
      "provider": "provider[\"registry.terraform.io/hashicorp/azurerm\"]",
      "instances": [
        {
          "schema_version": 1,
          "attributes": {
            "enabled": true,
            "id": "/subscriptions/82f6d75e-85f4-434a-ab74-5dddd9fa8910/resourceGroups/NetworkWatcherRG/providers/Microsoft.Network/networkWatchers/NetworkWatcher_westeurope/flowLogs/vnet-spoke-aks-subnet-spoke-aks-pe-nsg-westeurope",
            "location": "westeurope",
            "name": "vnet-spoke-aks-subnet-spoke-aks-pe-nsg-westeurope",
            "network_security_group_id": "/subscriptions/82f6d75e-85f4-434a-ab74-5dddd9fa8910/resourceGroups/rg-esp-spoke-aks-infra/providers/Microsoft.Network/networkSecurityGroups/vnet-spoke-aks-subnet-spoke-aks-pe-nsg-westeurope",
            "network_watcher_name": "NetworkWatcher_westeurope",
            "resource_group_name": "NetworkWatcherRG",
            "retention_policy": [
              {
                "days": 7,
                "enabled": true
              }
            ],
            "storage_account_id": "/subscriptions/82f6d75e-85f4-434a-ab74-5dddd9fa8910/resourceGroups/NetworkWatcherRG/providers/Microsoft.Storage/storageAccounts/storageforlogs011",
            "tags": null,
            "timeouts": null,
            "traffic_analytics": [
              {
                "enabled": true,
                "interval_in_minutes": 10,
                "workspace_id": "5979d6d0-ec18-4669-a615-930384a80272",
                "workspace_region": "westeurope",
                "workspace_resource_id": "/subscriptions/82f6d75e-85f4-434a-ab74-5dddd9fa8910/resourceGroups/rg-esp-management/providers/Microsoft.OperationalInsights/workspaces/loganalyticsforaks011"
              }
            ],
            "version": 2
          },
          "sensitive_attributes": [],
          "private": "eyJlMmJmYjczMC1lY2FhLTExZTYtOGY4OC0zNDM2M2JjN2M0YzAiOnsiY3JlYXRlIjoxODAwMDAwMDAwMDAwLCJkZWxldGUiOjE4MDAwMDAwMDAwMDAsInJlYWQiOjMwMDAwMDAwMDAwMCwidXBkYXRlIjoxODAwMDAwMDAwMDAwfSwic2NoZW1hX3ZlcnNpb24iOiIxIn0=",
          "dependencies": [
            "azurerm_storage_account.network_log_data",
            "data.azurerm_network_watcher.network_watcher_regional",
            "data.azurerm_resources.nsg_flowlogs",
            "data.terraform_remote_state.management"
          ]
        }
      ]
    },
    {
      "module": "module.diagnostic_setting[\"/subscriptions/82f6d75e-85f4-434a-ab74-5dddd9fa8910/resourceGroups/rg-esp-hub-vm-linux/providers/Microsoft.Compute/virtualMachines/vm-jumpbox-linux\"]",
      "mode": "data",
      "type": "azurerm_monitor_diagnostic_categories",
      "name": "categories",
      "provider": "provider[\"registry.terraform.io/hashicorp/azurerm\"]",
      "instances": [
        {
          "schema_version": 0,
          "attributes": {
            "id": "/subscriptions/82f6d75e-85f4-434a-ab74-5dddd9fa8910/resourceGroups/rg-esp-hub-vm-linux/providers/Microsoft.Compute/virtualMachines/vm-jumpbox-linux",
            "log_category_groups": [],
            "log_category_types": [],
            "logs": [],
            "metrics": [
              "AllMetrics"
            ],
            "resource_id": "/subscriptions/82f6d75e-85f4-434a-ab74-5dddd9fa8910/resourceGroups/rg-esp-hub-vm-linux/providers/Microsoft.Compute/virtualMachines/vm-jumpbox-linux",
            "timeouts": null
          },
          "sensitive_attributes": []
        }
      ]
    },
    {
      "module": "module.diagnostic_setting[\"/subscriptions/82f6d75e-85f4-434a-ab74-5dddd9fa8910/resourceGroups/rg-esp-hub-vm-linux/providers/Microsoft.Compute/virtualMachines/vm-jumpbox-linux\"]",
      "mode": "managed",
      "type": "azurerm_monitor_diagnostic_setting",
      "name": "diagnostic_settings",
      "provider": "provider[\"registry.terraform.io/hashicorp/azurerm\"]",
      "instances": [
        {
          "schema_version": 0,
          "attributes": {
            "enabled_log": [],
            "eventhub_authorization_rule_id": "",
            "eventhub_name": "",
            "id": "/subscriptions/82f6d75e-85f4-434a-ab74-5dddd9fa8910/resourceGroups/rg-esp-hub-vm-linux/providers/Microsoft.Compute/virtualMachines/vm-jumpbox-linux|diagnostic-settings",
            "log": [],
            "log_analytics_destination_type": "",
            "log_analytics_workspace_id": "/subscriptions/82f6d75e-85f4-434a-ab74-5dddd9fa8910/resourceGroups/rg-esp-management/providers/Microsoft.OperationalInsights/workspaces/loganalyticsforaks011",
            "metric": [
              {
                "category": "AllMetrics",
                "enabled": true,
                "retention_policy": [
                  {
                    "days": 7,
                    "enabled": true
                  }
                ]
              }
            ],
            "name": "diagnostic-settings",
            "partner_solution_id": null,
            "storage_account_id": null,
            "target_resource_id": "/subscriptions/82f6d75e-85f4-434a-ab74-5dddd9fa8910/resourceGroups/rg-esp-hub-vm-linux/providers/Microsoft.Compute/virtualMachines/vm-jumpbox-linux",
            "timeouts": null
          },
          "sensitive_attributes": [],
          "private": "eyJlMmJmYjczMC1lY2FhLTExZTYtOGY4OC0zNDM2M2JjN2M0YzAiOnsiY3JlYXRlIjoxODAwMDAwMDAwMDAwLCJkZWxldGUiOjM2MDAwMDAwMDAwMDAsInJlYWQiOjMwMDAwMDAwMDAwMCwidXBkYXRlIjoxODAwMDAwMDAwMDAwfX0=",
          "dependencies": [
            "data.azurerm_resources.resources_ds",
            "data.terraform_remote_state.management",
            "module.diagnostic_setting.data.azurerm_monitor_diagnostic_categories.categories"
          ]
        }
      ]
    },
    {
      "module": "module.diagnostic_setting[\"/subscriptions/82f6d75e-85f4-434a-ab74-5dddd9fa8910/resourceGroups/rg-esp-hub-vm-linux/providers/Microsoft.Network/networkInterfaces/nic-vm\"]",
      "mode": "data",
      "type": "azurerm_monitor_diagnostic_categories",
      "name": "categories",
      "provider": "provider[\"registry.terraform.io/hashicorp/azurerm\"]",
      "instances": [
        {
          "schema_version": 0,
          "attributes": {
            "id": "/subscriptions/82f6d75e-85f4-434a-ab74-5dddd9fa8910/resourceGroups/rg-esp-hub-vm-linux/providers/Microsoft.Network/networkInterfaces/nic-vm",
            "log_category_groups": [],
            "log_category_types": [],
            "logs": [],
            "metrics": [
              "AllMetrics"
            ],
            "resource_id": "/subscriptions/82f6d75e-85f4-434a-ab74-5dddd9fa8910/resourceGroups/rg-esp-hub-vm-linux/providers/Microsoft.Network/networkInterfaces/nic-vm",
            "timeouts": null
          },
          "sensitive_attributes": []
        }
      ]
    },
    {
      "module": "module.diagnostic_setting[\"/subscriptions/82f6d75e-85f4-434a-ab74-5dddd9fa8910/resourceGroups/rg-esp-hub-vm-linux/providers/Microsoft.Network/networkInterfaces/nic-vm\"]",
      "mode": "managed",
      "type": "azurerm_monitor_diagnostic_setting",
      "name": "diagnostic_settings",
      "provider": "provider[\"registry.terraform.io/hashicorp/azurerm\"]",
      "instances": [
        {
          "schema_version": 0,
          "attributes": {
            "enabled_log": [],
            "eventhub_authorization_rule_id": "",
            "eventhub_name": "",
            "id": "/subscriptions/82f6d75e-85f4-434a-ab74-5dddd9fa8910/resourceGroups/rg-esp-hub-vm-linux/providers/Microsoft.Network/networkInterfaces/nic-vm|diagnostic-settings",
            "log": [],
            "log_analytics_destination_type": "",
            "log_analytics_workspace_id": "/subscriptions/82f6d75e-85f4-434a-ab74-5dddd9fa8910/resourceGroups/rg-esp-management/providers/Microsoft.OperationalInsights/workspaces/loganalyticsforaks011",
            "metric": [
              {
                "category": "AllMetrics",
                "enabled": true,
                "retention_policy": [
                  {
                    "days": 7,
                    "enabled": true
                  }
                ]
              }
            ],
            "name": "diagnostic-settings",
            "partner_solution_id": null,
            "storage_account_id": null,
            "target_resource_id": "/subscriptions/82f6d75e-85f4-434a-ab74-5dddd9fa8910/resourceGroups/rg-esp-hub-vm-linux/providers/Microsoft.Network/networkInterfaces/nic-vm",
            "timeouts": null
          },
          "sensitive_attributes": [],
          "private": "eyJlMmJmYjczMC1lY2FhLTExZTYtOGY4OC0zNDM2M2JjN2M0YzAiOnsiY3JlYXRlIjoxODAwMDAwMDAwMDAwLCJkZWxldGUiOjM2MDAwMDAwMDAwMDAsInJlYWQiOjMwMDAwMDAwMDAwMCwidXBkYXRlIjoxODAwMDAwMDAwMDAwfX0=",
          "dependencies": [
            "data.azurerm_resources.resources_ds",
            "data.terraform_remote_state.management",
            "module.diagnostic_setting.data.azurerm_monitor_diagnostic_categories.categories"
          ]
        }
      ]
    },
    {
      "module": "module.diagnostic_setting[\"/subscriptions/82f6d75e-85f4-434a-ab74-5dddd9fa8910/resourceGroups/rg-esp-hub-vm-windows/providers/Microsoft.Compute/virtualMachines/vm-jumpbox-win\"]",
      "mode": "data",
      "type": "azurerm_monitor_diagnostic_categories",
      "name": "categories",
      "provider": "provider[\"registry.terraform.io/hashicorp/azurerm\"]",
      "instances": [
        {
          "schema_version": 0,
          "attributes": {
            "id": "/subscriptions/82f6d75e-85f4-434a-ab74-5dddd9fa8910/resourceGroups/rg-esp-hub-vm-windows/providers/Microsoft.Compute/virtualMachines/vm-jumpbox-win",
            "log_category_groups": [],
            "log_category_types": [],
            "logs": [],
            "metrics": [
              "AllMetrics"
            ],
            "resource_id": "/subscriptions/82f6d75e-85f4-434a-ab74-5dddd9fa8910/resourceGroups/rg-esp-hub-vm-windows/providers/Microsoft.Compute/virtualMachines/vm-jumpbox-win",
            "timeouts": null
          },
          "sensitive_attributes": []
        }
      ]
    },
    {
      "module": "module.diagnostic_setting[\"/subscriptions/82f6d75e-85f4-434a-ab74-5dddd9fa8910/resourceGroups/rg-esp-hub-vm-windows/providers/Microsoft.Compute/virtualMachines/vm-jumpbox-win\"]",
      "mode": "managed",
      "type": "azurerm_monitor_diagnostic_setting",
      "name": "diagnostic_settings",
      "provider": "provider[\"registry.terraform.io/hashicorp/azurerm\"]",
      "instances": [
        {
          "schema_version": 0,
          "attributes": {
            "enabled_log": [],
            "eventhub_authorization_rule_id": "",
            "eventhub_name": "",
            "id": "/subscriptions/82f6d75e-85f4-434a-ab74-5dddd9fa8910/resourceGroups/rg-esp-hub-vm-windows/providers/Microsoft.Compute/virtualMachines/vm-jumpbox-win|diagnostic-settings",
            "log": [],
            "log_analytics_destination_type": "",
            "log_analytics_workspace_id": "/subscriptions/82f6d75e-85f4-434a-ab74-5dddd9fa8910/resourceGroups/rg-esp-management/providers/Microsoft.OperationalInsights/workspaces/loganalyticsforaks011",
            "metric": [
              {
                "category": "AllMetrics",
                "enabled": true,
                "retention_policy": [
                  {
                    "days": 7,
                    "enabled": true
                  }
                ]
              }
            ],
            "name": "diagnostic-settings",
            "partner_solution_id": null,
            "storage_account_id": null,
            "target_resource_id": "/subscriptions/82f6d75e-85f4-434a-ab74-5dddd9fa8910/resourceGroups/rg-esp-hub-vm-windows/providers/Microsoft.Compute/virtualMachines/vm-jumpbox-win",
            "timeouts": null
          },
          "sensitive_attributes": [],
          "private": "eyJlMmJmYjczMC1lY2FhLTExZTYtOGY4OC0zNDM2M2JjN2M0YzAiOnsiY3JlYXRlIjoxODAwMDAwMDAwMDAwLCJkZWxldGUiOjM2MDAwMDAwMDAwMDAsInJlYWQiOjMwMDAwMDAwMDAwMCwidXBkYXRlIjoxODAwMDAwMDAwMDAwfX0=",
          "dependencies": [
            "data.azurerm_resources.resources_ds",
            "data.terraform_remote_state.management",
            "module.diagnostic_setting.data.azurerm_monitor_diagnostic_categories.categories"
          ]
        }
      ]
    },
    {
      "module": "module.diagnostic_setting[\"/subscriptions/82f6d75e-85f4-434a-ab74-5dddd9fa8910/resourceGroups/rg-esp-hub-vm-windows/providers/Microsoft.Network/networkInterfaces/nic-vm-jumpbox-windows\"]",
      "mode": "data",
      "type": "azurerm_monitor_diagnostic_categories",
      "name": "categories",
      "provider": "provider[\"registry.terraform.io/hashicorp/azurerm\"]",
      "instances": [
        {
          "schema_version": 0,
          "attributes": {
            "id": "/subscriptions/82f6d75e-85f4-434a-ab74-5dddd9fa8910/resourceGroups/rg-esp-hub-vm-windows/providers/Microsoft.Network/networkInterfaces/nic-vm-jumpbox-windows",
            "log_category_groups": [],
            "log_category_types": [],
            "logs": [],
            "metrics": [
              "AllMetrics"
            ],
            "resource_id": "/subscriptions/82f6d75e-85f4-434a-ab74-5dddd9fa8910/resourceGroups/rg-esp-hub-vm-windows/providers/Microsoft.Network/networkInterfaces/nic-vm-jumpbox-windows",
            "timeouts": null
          },
          "sensitive_attributes": []
        }
      ]
    },
    {
      "module": "module.diagnostic_setting[\"/subscriptions/82f6d75e-85f4-434a-ab74-5dddd9fa8910/resourceGroups/rg-esp-hub-vm-windows/providers/Microsoft.Network/networkInterfaces/nic-vm-jumpbox-windows\"]",
      "mode": "managed",
      "type": "azurerm_monitor_diagnostic_setting",
      "name": "diagnostic_settings",
      "provider": "provider[\"registry.terraform.io/hashicorp/azurerm\"]",
      "instances": [
        {
          "schema_version": 0,
          "attributes": {
            "enabled_log": [],
            "eventhub_authorization_rule_id": "",
            "eventhub_name": "",
            "id": "/subscriptions/82f6d75e-85f4-434a-ab74-5dddd9fa8910/resourceGroups/rg-esp-hub-vm-windows/providers/Microsoft.Network/networkInterfaces/nic-vm-jumpbox-windows|diagnostic-settings",
            "log": [],
            "log_analytics_destination_type": "",
            "log_analytics_workspace_id": "/subscriptions/82f6d75e-85f4-434a-ab74-5dddd9fa8910/resourceGroups/rg-esp-management/providers/Microsoft.OperationalInsights/workspaces/loganalyticsforaks011",
            "metric": [
              {
                "category": "AllMetrics",
                "enabled": true,
                "retention_policy": [
                  {
                    "days": 7,
                    "enabled": true
                  }
                ]
              }
            ],
            "name": "diagnostic-settings",
            "partner_solution_id": null,
            "storage_account_id": null,
            "target_resource_id": "/subscriptions/82f6d75e-85f4-434a-ab74-5dddd9fa8910/resourceGroups/rg-esp-hub-vm-windows/providers/Microsoft.Network/networkInterfaces/nic-vm-jumpbox-windows",
            "timeouts": null
          },
          "sensitive_attributes": [],
          "private": "eyJlMmJmYjczMC1lY2FhLTExZTYtOGY4OC0zNDM2M2JjN2M0YzAiOnsiY3JlYXRlIjoxODAwMDAwMDAwMDAwLCJkZWxldGUiOjM2MDAwMDAwMDAwMDAsInJlYWQiOjMwMDAwMDAwMDAwMCwidXBkYXRlIjoxODAwMDAwMDAwMDAwfX0=",
          "dependencies": [
            "data.azurerm_resources.resources_ds",
            "data.terraform_remote_state.management",
            "module.diagnostic_setting.data.azurerm_monitor_diagnostic_categories.categories"
          ]
        }
      ]
    },
    {
      "module": "module.diagnostic_setting[\"/subscriptions/82f6d75e-85f4-434a-ab74-5dddd9fa8910/resourceGroups/rg-esp-hub/providers/Microsoft.Network/azureFirewalls/firewall-hub\"]",
      "mode": "data",
      "type": "azurerm_monitor_diagnostic_categories",
      "name": "categories",
      "provider": "provider[\"registry.terraform.io/hashicorp/azurerm\"]",
      "instances": [
        {
          "schema_version": 0,
          "attributes": {
            "id": "/subscriptions/82f6d75e-85f4-434a-ab74-5dddd9fa8910/resourceGroups/rg-esp-hub/providers/Microsoft.Network/azureFirewalls/firewall-hub",
            "log_category_groups": [
              "allLogs"
            ],
            "log_category_types": [
              "AZFWApplicationRule",
              "AZFWApplicationRuleAggregation",
              "AZFWDnsQuery",
              "AZFWFatFlow",
              "AZFWFlowTrace",
              "AZFWFqdnResolveFailure",
              "AZFWIdpsSignature",
              "AZFWNatRule",
              "AZFWNatRuleAggregation",
              "AZFWNetworkRule",
              "AZFWNetworkRuleAggregation",
              "AZFWThreatIntel",
              "AzureFirewallApplicationRule",
              "AzureFirewallDnsProxy",
              "AzureFirewallNetworkRule"
            ],
            "logs": [
              "AZFWApplicationRule",
              "AZFWApplicationRuleAggregation",
              "AZFWDnsQuery",
              "AZFWFatFlow",
              "AZFWFlowTrace",
              "AZFWFqdnResolveFailure",
              "AZFWIdpsSignature",
              "AZFWNatRule",
              "AZFWNatRuleAggregation",
              "AZFWNetworkRule",
              "AZFWNetworkRuleAggregation",
              "AZFWThreatIntel",
              "AzureFirewallApplicationRule",
              "AzureFirewallDnsProxy",
              "AzureFirewallNetworkRule"
            ],
            "metrics": [
              "AllMetrics"
            ],
            "resource_id": "/subscriptions/82f6d75e-85f4-434a-ab74-5dddd9fa8910/resourceGroups/rg-esp-hub/providers/Microsoft.Network/azureFirewalls/firewall-hub",
            "timeouts": null
          },
          "sensitive_attributes": []
        }
      ]
    },
    {
      "module": "module.diagnostic_setting[\"/subscriptions/82f6d75e-85f4-434a-ab74-5dddd9fa8910/resourceGroups/rg-esp-hub/providers/Microsoft.Network/azureFirewalls/firewall-hub\"]",
      "mode": "managed",
      "type": "azurerm_monitor_diagnostic_setting",
      "name": "diagnostic_settings",
      "provider": "provider[\"registry.terraform.io/hashicorp/azurerm\"]",
      "instances": [
        {
          "schema_version": 0,
          "attributes": {
            "enabled_log": [
              {
                "category": "AZFWApplicationRule",
                "category_group": "",
                "retention_policy": [
                  {
                    "days": 7,
                    "enabled": true
                  }
                ]
              },
              {
                "category": "AZFWApplicationRuleAggregation",
                "category_group": "",
                "retention_policy": [
                  {
                    "days": 7,
                    "enabled": true
                  }
                ]
              },
              {
                "category": "AZFWDnsQuery",
                "category_group": "",
                "retention_policy": [
                  {
                    "days": 7,
                    "enabled": true
                  }
                ]
              },
              {
                "category": "AZFWFatFlow",
                "category_group": "",
                "retention_policy": [
                  {
                    "days": 7,
                    "enabled": true
                  }
                ]
              },
              {
                "category": "AZFWFlowTrace",
                "category_group": "",
                "retention_policy": [
                  {
                    "days": 7,
                    "enabled": true
                  }
                ]
              },
              {
                "category": "AZFWFqdnResolveFailure",
                "category_group": "",
                "retention_policy": [
                  {
                    "days": 7,
                    "enabled": true
                  }
                ]
              },
              {
                "category": "AZFWIdpsSignature",
                "category_group": "",
                "retention_policy": [
                  {
                    "days": 7,
                    "enabled": true
                  }
                ]
              },
              {
                "category": "AZFWNatRule",
                "category_group": "",
                "retention_policy": [
                  {
                    "days": 7,
                    "enabled": true
                  }
                ]
              },
              {
                "category": "AZFWNatRuleAggregation",
                "category_group": "",
                "retention_policy": [
                  {
                    "days": 7,
                    "enabled": true
                  }
                ]
              },
              {
                "category": "AZFWNetworkRule",
                "category_group": "",
                "retention_policy": [
                  {
                    "days": 7,
                    "enabled": true
                  }
                ]
              },
              {
                "category": "AZFWNetworkRuleAggregation",
                "category_group": "",
                "retention_policy": [
                  {
                    "days": 7,
                    "enabled": true
                  }
                ]
              },
              {
                "category": "AZFWThreatIntel",
                "category_group": "",
                "retention_policy": [
                  {
                    "days": 7,
                    "enabled": true
                  }
                ]
              },
              {
                "category": "AzureFirewallApplicationRule",
                "category_group": "",
                "retention_policy": [
                  {
                    "days": 7,
                    "enabled": true
                  }
                ]
              },
              {
                "category": "AzureFirewallDnsProxy",
                "category_group": "",
                "retention_policy": [
                  {
                    "days": 7,
                    "enabled": true
                  }
                ]
              },
              {
                "category": "AzureFirewallNetworkRule",
                "category_group": "",
                "retention_policy": [
                  {
                    "days": 7,
                    "enabled": true
                  }
                ]
              }
            ],
            "eventhub_authorization_rule_id": "",
            "eventhub_name": "",
            "id": "/subscriptions/82f6d75e-85f4-434a-ab74-5dddd9fa8910/resourceGroups/rg-esp-hub/providers/Microsoft.Network/azureFirewalls/firewall-hub|diagnostic-settings",
            "log": [
              {
                "category": "AZFWApplicationRule",
                "category_group": "",
                "enabled": true,
                "retention_policy": [
                  {
                    "days": 7,
                    "enabled": true
                  }
                ]
              },
              {
                "category": "AZFWApplicationRuleAggregation",
                "category_group": "",
                "enabled": true,
                "retention_policy": [
                  {
                    "days": 7,
                    "enabled": true
                  }
                ]
              },
              {
                "category": "AZFWDnsQuery",
                "category_group": "",
                "enabled": true,
                "retention_policy": [
                  {
                    "days": 7,
                    "enabled": true
                  }
                ]
              },
              {
                "category": "AZFWFatFlow",
                "category_group": "",
                "enabled": true,
                "retention_policy": [
                  {
                    "days": 7,
                    "enabled": true
                  }
                ]
              },
              {
                "category": "AZFWFlowTrace",
                "category_group": "",
                "enabled": true,
                "retention_policy": [
                  {
                    "days": 7,
                    "enabled": true
                  }
                ]
              },
              {
                "category": "AZFWFqdnResolveFailure",
                "category_group": "",
                "enabled": true,
                "retention_policy": [
                  {
                    "days": 7,
                    "enabled": true
                  }
                ]
              },
              {
                "category": "AZFWIdpsSignature",
                "category_group": "",
                "enabled": true,
                "retention_policy": [
                  {
                    "days": 7,
                    "enabled": true
                  }
                ]
              },
              {
                "category": "AZFWNatRule",
                "category_group": "",
                "enabled": true,
                "retention_policy": [
                  {
                    "days": 7,
                    "enabled": true
                  }
                ]
              },
              {
                "category": "AZFWNatRuleAggregation",
                "category_group": "",
                "enabled": true,
                "retention_policy": [
                  {
                    "days": 7,
                    "enabled": true
                  }
                ]
              },
              {
                "category": "AZFWNetworkRule",
                "category_group": "",
                "enabled": true,
                "retention_policy": [
                  {
                    "days": 7,
                    "enabled": true
                  }
                ]
              },
              {
                "category": "AZFWNetworkRuleAggregation",
                "category_group": "",
                "enabled": true,
                "retention_policy": [
                  {
                    "days": 7,
                    "enabled": true
                  }
                ]
              },
              {
                "category": "AZFWThreatIntel",
                "category_group": "",
                "enabled": true,
                "retention_policy": [
                  {
                    "days": 7,
                    "enabled": true
                  }
                ]
              },
              {
                "category": "AzureFirewallApplicationRule",
                "category_group": "",
                "enabled": true,
                "retention_policy": [
                  {
                    "days": 7,
                    "enabled": true
                  }
                ]
              },
              {
                "category": "AzureFirewallDnsProxy",
                "category_group": "",
                "enabled": true,
                "retention_policy": [
                  {
                    "days": 7,
                    "enabled": true
                  }
                ]
              },
              {
                "category": "AzureFirewallNetworkRule",
                "category_group": "",
                "enabled": true,
                "retention_policy": [
                  {
                    "days": 7,
                    "enabled": true
                  }
                ]
              }
            ],
            "log_analytics_destination_type": "AzureDiagnostics",
            "log_analytics_workspace_id": "/subscriptions/82f6d75e-85f4-434a-ab74-5dddd9fa8910/resourceGroups/rg-esp-management/providers/Microsoft.OperationalInsights/workspaces/loganalyticsforaks011",
            "metric": [
              {
                "category": "AllMetrics",
                "enabled": true,
                "retention_policy": [
                  {
                    "days": 7,
                    "enabled": true
                  }
                ]
              }
            ],
            "name": "diagnostic-settings",
            "partner_solution_id": null,
            "storage_account_id": null,
            "target_resource_id": "/subscriptions/82f6d75e-85f4-434a-ab74-5dddd9fa8910/resourceGroups/rg-esp-hub/providers/Microsoft.Network/azureFirewalls/firewall-hub",
            "timeouts": null
          },
          "sensitive_attributes": [],
          "private": "eyJlMmJmYjczMC1lY2FhLTExZTYtOGY4OC0zNDM2M2JjN2M0YzAiOnsiY3JlYXRlIjoxODAwMDAwMDAwMDAwLCJkZWxldGUiOjM2MDAwMDAwMDAwMDAsInJlYWQiOjMwMDAwMDAwMDAwMCwidXBkYXRlIjoxODAwMDAwMDAwMDAwfX0=",
          "dependencies": [
            "data.azurerm_resources.resources_ds",
            "data.terraform_remote_state.management",
            "module.diagnostic_setting.data.azurerm_monitor_diagnostic_categories.categories"
          ]
        }
      ]
    },
    {
      "module": "module.diagnostic_setting[\"/subscriptions/82f6d75e-85f4-434a-ab74-5dddd9fa8910/resourceGroups/rg-esp-hub/providers/Microsoft.Network/bastionHosts/bastion-host\"]",
      "mode": "data",
      "type": "azurerm_monitor_diagnostic_categories",
      "name": "categories",
      "provider": "provider[\"registry.terraform.io/hashicorp/azurerm\"]",
      "instances": [
        {
          "schema_version": 0,
          "attributes": {
            "id": "/subscriptions/82f6d75e-85f4-434a-ab74-5dddd9fa8910/resourceGroups/rg-esp-hub/providers/Microsoft.Network/bastionHosts/bastion-host",
            "log_category_groups": [
              "allLogs"
            ],
            "log_category_types": [
              "BastionAuditLogs"
            ],
            "logs": [
              "BastionAuditLogs"
            ],
            "metrics": [
              "AllMetrics"
            ],
            "resource_id": "/subscriptions/82f6d75e-85f4-434a-ab74-5dddd9fa8910/resourceGroups/rg-esp-hub/providers/Microsoft.Network/bastionHosts/bastion-host",
            "timeouts": null
          },
          "sensitive_attributes": []
        }
      ]
    },
    {
      "module": "module.diagnostic_setting[\"/subscriptions/82f6d75e-85f4-434a-ab74-5dddd9fa8910/resourceGroups/rg-esp-hub/providers/Microsoft.Network/bastionHosts/bastion-host\"]",
      "mode": "managed",
      "type": "azurerm_monitor_diagnostic_setting",
      "name": "diagnostic_settings",
      "provider": "provider[\"registry.terraform.io/hashicorp/azurerm\"]",
      "instances": [
        {
          "schema_version": 0,
          "attributes": {
            "enabled_log": [
              {
                "category": "BastionAuditLogs",
                "category_group": "",
                "retention_policy": [
                  {
                    "days": 7,
                    "enabled": true
                  }
                ]
              }
            ],
            "eventhub_authorization_rule_id": "",
            "eventhub_name": "",
            "id": "/subscriptions/82f6d75e-85f4-434a-ab74-5dddd9fa8910/resourceGroups/rg-esp-hub/providers/Microsoft.Network/bastionHosts/bastion-host|diagnostic-settings",
            "log": [
              {
                "category": "BastionAuditLogs",
                "category_group": "",
                "enabled": true,
                "retention_policy": [
                  {
                    "days": 7,
                    "enabled": true
                  }
                ]
              }
            ],
            "log_analytics_destination_type": "",
            "log_analytics_workspace_id": "/subscriptions/82f6d75e-85f4-434a-ab74-5dddd9fa8910/resourceGroups/rg-esp-management/providers/Microsoft.OperationalInsights/workspaces/loganalyticsforaks011",
            "metric": [
              {
                "category": "AllMetrics",
                "enabled": true,
                "retention_policy": [
                  {
                    "days": 7,
                    "enabled": true
                  }
                ]
              }
            ],
            "name": "diagnostic-settings",
            "partner_solution_id": null,
            "storage_account_id": null,
            "target_resource_id": "/subscriptions/82f6d75e-85f4-434a-ab74-5dddd9fa8910/resourceGroups/rg-esp-hub/providers/Microsoft.Network/bastionHosts/bastion-host",
            "timeouts": null
          },
          "sensitive_attributes": [],
          "private": "eyJlMmJmYjczMC1lY2FhLTExZTYtOGY4OC0zNDM2M2JjN2M0YzAiOnsiY3JlYXRlIjoxODAwMDAwMDAwMDAwLCJkZWxldGUiOjM2MDAwMDAwMDAwMDAsInJlYWQiOjMwMDAwMDAwMDAwMCwidXBkYXRlIjoxODAwMDAwMDAwMDAwfX0=",
          "dependencies": [
            "data.azurerm_resources.resources_ds",
            "data.terraform_remote_state.management",
            "module.diagnostic_setting.data.azurerm_monitor_diagnostic_categories.categories"
          ]
        }
      ]
    },
    {
      "module": "module.diagnostic_setting[\"/subscriptions/82f6d75e-85f4-434a-ab74-5dddd9fa8910/resourceGroups/rg-esp-hub/providers/Microsoft.Network/networkSecurityGroups/vnet-hub-AzureBastionSubnet-nsg-westeurope\"]",
      "mode": "data",
      "type": "azurerm_monitor_diagnostic_categories",
      "name": "categories",
      "provider": "provider[\"registry.terraform.io/hashicorp/azurerm\"]",
      "instances": [
        {
          "schema_version": 0,
          "attributes": {
            "id": "/subscriptions/82f6d75e-85f4-434a-ab74-5dddd9fa8910/resourceGroups/rg-esp-hub/providers/Microsoft.Network/networkSecurityGroups/vnet-hub-AzureBastionSubnet-nsg-westeurope",
            "log_category_groups": [
              "allLogs"
            ],
            "log_category_types": [
              "NetworkSecurityGroupEvent",
              "NetworkSecurityGroupRuleCounter"
            ],
            "logs": [
              "NetworkSecurityGroupEvent",
              "NetworkSecurityGroupRuleCounter"
            ],
            "metrics": [],
            "resource_id": "/subscriptions/82f6d75e-85f4-434a-ab74-5dddd9fa8910/resourceGroups/rg-esp-hub/providers/Microsoft.Network/networkSecurityGroups/vnet-hub-AzureBastionSubnet-nsg-westeurope",
            "timeouts": null
          },
          "sensitive_attributes": []
        }
      ]
    },
    {
      "module": "module.diagnostic_setting[\"/subscriptions/82f6d75e-85f4-434a-ab74-5dddd9fa8910/resourceGroups/rg-esp-hub/providers/Microsoft.Network/networkSecurityGroups/vnet-hub-AzureBastionSubnet-nsg-westeurope\"]",
      "mode": "managed",
      "type": "azurerm_monitor_diagnostic_setting",
      "name": "diagnostic_settings",
      "provider": "provider[\"registry.terraform.io/hashicorp/azurerm\"]",
      "instances": [
        {
          "schema_version": 0,
          "attributes": {
            "enabled_log": [
              {
                "category": "NetworkSecurityGroupEvent",
                "category_group": "",
                "retention_policy": [
                  {
                    "days": 7,
                    "enabled": true
                  }
                ]
              },
              {
                "category": "NetworkSecurityGroupRuleCounter",
                "category_group": "",
                "retention_policy": [
                  {
                    "days": 7,
                    "enabled": true
                  }
                ]
              }
            ],
            "eventhub_authorization_rule_id": "",
            "eventhub_name": "",
            "id": "/subscriptions/82f6d75e-85f4-434a-ab74-5dddd9fa8910/resourceGroups/rg-esp-hub/providers/Microsoft.Network/networkSecurityGroups/vnet-hub-AzureBastionSubnet-nsg-westeurope|diagnostic-settings",
            "log": [
              {
                "category": "NetworkSecurityGroupEvent",
                "category_group": "",
                "enabled": true,
                "retention_policy": [
                  {
                    "days": 7,
                    "enabled": true
                  }
                ]
              },
              {
                "category": "NetworkSecurityGroupRuleCounter",
                "category_group": "",
                "enabled": true,
                "retention_policy": [
                  {
                    "days": 7,
                    "enabled": true
                  }
                ]
              }
            ],
            "log_analytics_destination_type": "",
            "log_analytics_workspace_id": "/subscriptions/82f6d75e-85f4-434a-ab74-5dddd9fa8910/resourceGroups/rg-esp-management/providers/Microsoft.OperationalInsights/workspaces/loganalyticsforaks011",
            "metric": [],
            "name": "diagnostic-settings",
            "partner_solution_id": null,
            "storage_account_id": null,
            "target_resource_id": "/subscriptions/82f6d75e-85f4-434a-ab74-5dddd9fa8910/resourceGroups/rg-esp-hub/providers/Microsoft.Network/networkSecurityGroups/vnet-hub-AzureBastionSubnet-nsg-westeurope",
            "timeouts": null
          },
          "sensitive_attributes": [],
          "private": "eyJlMmJmYjczMC1lY2FhLTExZTYtOGY4OC0zNDM2M2JjN2M0YzAiOnsiY3JlYXRlIjoxODAwMDAwMDAwMDAwLCJkZWxldGUiOjM2MDAwMDAwMDAwMDAsInJlYWQiOjMwMDAwMDAwMDAwMCwidXBkYXRlIjoxODAwMDAwMDAwMDAwfX0=",
          "dependencies": [
            "data.azurerm_resources.resources_ds",
            "data.terraform_remote_state.management",
            "module.diagnostic_setting.data.azurerm_monitor_diagnostic_categories.categories"
          ]
        }
      ]
    },
    {
      "module": "module.diagnostic_setting[\"/subscriptions/82f6d75e-85f4-434a-ab74-5dddd9fa8910/resourceGroups/rg-esp-hub/providers/Microsoft.Network/networkSecurityGroups/vnet-hub-subnet-vm-nsg-westeurope\"]",
      "mode": "data",
      "type": "azurerm_monitor_diagnostic_categories",
      "name": "categories",
      "provider": "provider[\"registry.terraform.io/hashicorp/azurerm\"]",
      "instances": [
        {
          "schema_version": 0,
          "attributes": {
            "id": "/subscriptions/82f6d75e-85f4-434a-ab74-5dddd9fa8910/resourceGroups/rg-esp-hub/providers/Microsoft.Network/networkSecurityGroups/vnet-hub-subnet-vm-nsg-westeurope",
            "log_category_groups": [
              "allLogs"
            ],
            "log_category_types": [
              "NetworkSecurityGroupEvent",
              "NetworkSecurityGroupRuleCounter"
            ],
            "logs": [
              "NetworkSecurityGroupEvent",
              "NetworkSecurityGroupRuleCounter"
            ],
            "metrics": [],
            "resource_id": "/subscriptions/82f6d75e-85f4-434a-ab74-5dddd9fa8910/resourceGroups/rg-esp-hub/providers/Microsoft.Network/networkSecurityGroups/vnet-hub-subnet-vm-nsg-westeurope",
            "timeouts": null
          },
          "sensitive_attributes": []
        }
      ]
    },
    {
      "module": "module.diagnostic_setting[\"/subscriptions/82f6d75e-85f4-434a-ab74-5dddd9fa8910/resourceGroups/rg-esp-hub/providers/Microsoft.Network/networkSecurityGroups/vnet-hub-subnet-vm-nsg-westeurope\"]",
      "mode": "managed",
      "type": "azurerm_monitor_diagnostic_setting",
      "name": "diagnostic_settings",
      "provider": "provider[\"registry.terraform.io/hashicorp/azurerm\"]",
      "instances": [
        {
          "schema_version": 0,
          "attributes": {
            "enabled_log": [
              {
                "category": "NetworkSecurityGroupEvent",
                "category_group": "",
                "retention_policy": [
                  {
                    "days": 7,
                    "enabled": true
                  }
                ]
              },
              {
                "category": "NetworkSecurityGroupRuleCounter",
                "category_group": "",
                "retention_policy": [
                  {
                    "days": 7,
                    "enabled": true
                  }
                ]
              }
            ],
            "eventhub_authorization_rule_id": "",
            "eventhub_name": "",
            "id": "/subscriptions/82f6d75e-85f4-434a-ab74-5dddd9fa8910/resourceGroups/rg-esp-hub/providers/Microsoft.Network/networkSecurityGroups/vnet-hub-subnet-vm-nsg-westeurope|diagnostic-settings",
            "log": [
              {
                "category": "NetworkSecurityGroupEvent",
                "category_group": "",
                "enabled": true,
                "retention_policy": [
                  {
                    "days": 7,
                    "enabled": true
                  }
                ]
              },
              {
                "category": "NetworkSecurityGroupRuleCounter",
                "category_group": "",
                "enabled": true,
                "retention_policy": [
                  {
                    "days": 7,
                    "enabled": true
                  }
                ]
              }
            ],
            "log_analytics_destination_type": "",
            "log_analytics_workspace_id": "/subscriptions/82f6d75e-85f4-434a-ab74-5dddd9fa8910/resourceGroups/rg-esp-management/providers/Microsoft.OperationalInsights/workspaces/loganalyticsforaks011",
            "metric": [],
            "name": "diagnostic-settings",
            "partner_solution_id": null,
            "storage_account_id": null,
            "target_resource_id": "/subscriptions/82f6d75e-85f4-434a-ab74-5dddd9fa8910/resourceGroups/rg-esp-hub/providers/Microsoft.Network/networkSecurityGroups/vnet-hub-subnet-vm-nsg-westeurope",
            "timeouts": null
          },
          "sensitive_attributes": [],
          "private": "eyJlMmJmYjczMC1lY2FhLTExZTYtOGY4OC0zNDM2M2JjN2M0YzAiOnsiY3JlYXRlIjoxODAwMDAwMDAwMDAwLCJkZWxldGUiOjM2MDAwMDAwMDAwMDAsInJlYWQiOjMwMDAwMDAwMDAwMCwidXBkYXRlIjoxODAwMDAwMDAwMDAwfX0=",
          "dependencies": [
            "data.azurerm_resources.resources_ds",
            "data.terraform_remote_state.management",
            "module.diagnostic_setting.data.azurerm_monitor_diagnostic_categories.categories"
          ]
        }
      ]
    },
    {
      "module": "module.diagnostic_setting[\"/subscriptions/82f6d75e-85f4-434a-ab74-5dddd9fa8910/resourceGroups/rg-esp-hub/providers/Microsoft.Network/publicIPAddresses/public-ip-bastion\"]",
      "mode": "data",
      "type": "azurerm_monitor_diagnostic_categories",
      "name": "categories",
      "provider": "provider[\"registry.terraform.io/hashicorp/azurerm\"]",
      "instances": [
        {
          "schema_version": 0,
          "attributes": {
            "id": "/subscriptions/82f6d75e-85f4-434a-ab74-5dddd9fa8910/resourceGroups/rg-esp-hub/providers/Microsoft.Network/publicIPAddresses/public-ip-bastion",
            "log_category_groups": [
              "allLogs",
              "audit"
            ],
            "log_category_types": [
              "DDoSMitigationFlowLogs",
              "DDoSMitigationReports",
              "DDoSProtectionNotifications"
            ],
            "logs": [
              "DDoSMitigationFlowLogs",
              "DDoSMitigationReports",
              "DDoSProtectionNotifications"
            ],
            "metrics": [
              "AllMetrics"
            ],
            "resource_id": "/subscriptions/82f6d75e-85f4-434a-ab74-5dddd9fa8910/resourceGroups/rg-esp-hub/providers/Microsoft.Network/publicIPAddresses/public-ip-bastion",
            "timeouts": null
          },
          "sensitive_attributes": []
        }
      ]
    },
    {
      "module": "module.diagnostic_setting[\"/subscriptions/82f6d75e-85f4-434a-ab74-5dddd9fa8910/resourceGroups/rg-esp-hub/providers/Microsoft.Network/publicIPAddresses/public-ip-bastion\"]",
      "mode": "managed",
      "type": "azurerm_monitor_diagnostic_setting",
      "name": "diagnostic_settings",
      "provider": "provider[\"registry.terraform.io/hashicorp/azurerm\"]",
      "instances": [
        {
          "schema_version": 0,
          "attributes": {
            "enabled_log": [
              {
                "category": "DDoSMitigationFlowLogs",
                "category_group": "",
                "retention_policy": [
                  {
                    "days": 7,
                    "enabled": true
                  }
                ]
              },
              {
                "category": "DDoSMitigationReports",
                "category_group": "",
                "retention_policy": [
                  {
                    "days": 7,
                    "enabled": true
                  }
                ]
              },
              {
                "category": "DDoSProtectionNotifications",
                "category_group": "",
                "retention_policy": [
                  {
                    "days": 7,
                    "enabled": true
                  }
                ]
              }
            ],
            "eventhub_authorization_rule_id": "",
            "eventhub_name": "",
            "id": "/subscriptions/82f6d75e-85f4-434a-ab74-5dddd9fa8910/resourceGroups/rg-esp-hub/providers/Microsoft.Network/publicIPAddresses/public-ip-bastion|diagnostic-settings",
            "log": [
              {
                "category": "DDoSMitigationFlowLogs",
                "category_group": "",
                "enabled": true,
                "retention_policy": [
                  {
                    "days": 7,
                    "enabled": true
                  }
                ]
              },
              {
                "category": "DDoSMitigationReports",
                "category_group": "",
                "enabled": true,
                "retention_policy": [
                  {
                    "days": 7,
                    "enabled": true
                  }
                ]
              },
              {
                "category": "DDoSProtectionNotifications",
                "category_group": "",
                "enabled": true,
                "retention_policy": [
                  {
                    "days": 7,
                    "enabled": true
                  }
                ]
              }
            ],
            "log_analytics_destination_type": "",
            "log_analytics_workspace_id": "/subscriptions/82f6d75e-85f4-434a-ab74-5dddd9fa8910/resourceGroups/rg-esp-management/providers/Microsoft.OperationalInsights/workspaces/loganalyticsforaks011",
            "metric": [
              {
                "category": "AllMetrics",
                "enabled": true,
                "retention_policy": [
                  {
                    "days": 7,
                    "enabled": true
                  }
                ]
              }
            ],
            "name": "diagnostic-settings",
            "partner_solution_id": null,
            "storage_account_id": null,
            "target_resource_id": "/subscriptions/82f6d75e-85f4-434a-ab74-5dddd9fa8910/resourceGroups/rg-esp-hub/providers/Microsoft.Network/publicIPAddresses/public-ip-bastion",
            "timeouts": null
          },
          "sensitive_attributes": [],
          "private": "eyJlMmJmYjczMC1lY2FhLTExZTYtOGY4OC0zNDM2M2JjN2M0YzAiOnsiY3JlYXRlIjoxODAwMDAwMDAwMDAwLCJkZWxldGUiOjM2MDAwMDAwMDAwMDAsInJlYWQiOjMwMDAwMDAwMDAwMCwidXBkYXRlIjoxODAwMDAwMDAwMDAwfX0=",
          "dependencies": [
            "data.azurerm_resources.resources_ds",
            "data.terraform_remote_state.management",
            "module.diagnostic_setting.data.azurerm_monitor_diagnostic_categories.categories"
          ]
        }
      ]
    },
    {
      "module": "module.diagnostic_setting[\"/subscriptions/82f6d75e-85f4-434a-ab74-5dddd9fa8910/resourceGroups/rg-esp-hub/providers/Microsoft.Network/publicIPAddresses/public-ip-firewall\"]",
      "mode": "data",
      "type": "azurerm_monitor_diagnostic_categories",
      "name": "categories",
      "provider": "provider[\"registry.terraform.io/hashicorp/azurerm\"]",
      "instances": [
        {
          "schema_version": 0,
          "attributes": {
            "id": "/subscriptions/82f6d75e-85f4-434a-ab74-5dddd9fa8910/resourceGroups/rg-esp-hub/providers/Microsoft.Network/publicIPAddresses/public-ip-firewall",
            "log_category_groups": [
              "allLogs",
              "audit"
            ],
            "log_category_types": [
              "DDoSMitigationFlowLogs",
              "DDoSMitigationReports",
              "DDoSProtectionNotifications"
            ],
            "logs": [
              "DDoSMitigationFlowLogs",
              "DDoSMitigationReports",
              "DDoSProtectionNotifications"
            ],
            "metrics": [
              "AllMetrics"
            ],
            "resource_id": "/subscriptions/82f6d75e-85f4-434a-ab74-5dddd9fa8910/resourceGroups/rg-esp-hub/providers/Microsoft.Network/publicIPAddresses/public-ip-firewall",
            "timeouts": null
          },
          "sensitive_attributes": []
        }
      ]
    },
    {
      "module": "module.diagnostic_setting[\"/subscriptions/82f6d75e-85f4-434a-ab74-5dddd9fa8910/resourceGroups/rg-esp-hub/providers/Microsoft.Network/publicIPAddresses/public-ip-firewall\"]",
      "mode": "managed",
      "type": "azurerm_monitor_diagnostic_setting",
      "name": "diagnostic_settings",
      "provider": "provider[\"registry.terraform.io/hashicorp/azurerm\"]",
      "instances": [
        {
          "schema_version": 0,
          "attributes": {
            "enabled_log": [
              {
                "category": "DDoSMitigationFlowLogs",
                "category_group": "",
                "retention_policy": [
                  {
                    "days": 7,
                    "enabled": true
                  }
                ]
              },
              {
                "category": "DDoSMitigationReports",
                "category_group": "",
                "retention_policy": [
                  {
                    "days": 7,
                    "enabled": true
                  }
                ]
              },
              {
                "category": "DDoSProtectionNotifications",
                "category_group": "",
                "retention_policy": [
                  {
                    "days": 7,
                    "enabled": true
                  }
                ]
              }
            ],
            "eventhub_authorization_rule_id": "",
            "eventhub_name": "",
            "id": "/subscriptions/82f6d75e-85f4-434a-ab74-5dddd9fa8910/resourceGroups/rg-esp-hub/providers/Microsoft.Network/publicIPAddresses/public-ip-firewall|diagnostic-settings",
            "log": [
              {
                "category": "DDoSMitigationFlowLogs",
                "category_group": "",
                "enabled": true,
                "retention_policy": [
                  {
                    "days": 7,
                    "enabled": true
                  }
                ]
              },
              {
                "category": "DDoSMitigationReports",
                "category_group": "",
                "enabled": true,
                "retention_policy": [
                  {
                    "days": 7,
                    "enabled": true
                  }
                ]
              },
              {
                "category": "DDoSProtectionNotifications",
                "category_group": "",
                "enabled": true,
                "retention_policy": [
                  {
                    "days": 7,
                    "enabled": true
                  }
                ]
              }
            ],
            "log_analytics_destination_type": "",
            "log_analytics_workspace_id": "/subscriptions/82f6d75e-85f4-434a-ab74-5dddd9fa8910/resourceGroups/rg-esp-management/providers/Microsoft.OperationalInsights/workspaces/loganalyticsforaks011",
            "metric": [
              {
                "category": "AllMetrics",
                "enabled": true,
                "retention_policy": [
                  {
                    "days": 7,
                    "enabled": true
                  }
                ]
              }
            ],
            "name": "diagnostic-settings",
            "partner_solution_id": null,
            "storage_account_id": null,
            "target_resource_id": "/subscriptions/82f6d75e-85f4-434a-ab74-5dddd9fa8910/resourceGroups/rg-esp-hub/providers/Microsoft.Network/publicIPAddresses/public-ip-firewall",
            "timeouts": null
          },
          "sensitive_attributes": [],
          "private": "eyJlMmJmYjczMC1lY2FhLTExZTYtOGY4OC0zNDM2M2JjN2M0YzAiOnsiY3JlYXRlIjoxODAwMDAwMDAwMDAwLCJkZWxldGUiOjM2MDAwMDAwMDAwMDAsInJlYWQiOjMwMDAwMDAwMDAwMCwidXBkYXRlIjoxODAwMDAwMDAwMDAwfX0=",
          "dependencies": [
            "data.azurerm_resources.resources_ds",
            "data.terraform_remote_state.management",
            "module.diagnostic_setting.data.azurerm_monitor_diagnostic_categories.categories"
          ]
        }
      ]
    },
    {
      "module": "module.diagnostic_setting[\"/subscriptions/82f6d75e-85f4-434a-ab74-5dddd9fa8910/resourceGroups/rg-esp-hub/providers/Microsoft.Network/virtualNetworks/vnet-hub\"]",
      "mode": "data",
      "type": "azurerm_monitor_diagnostic_categories",
      "name": "categories",
      "provider": "provider[\"registry.terraform.io/hashicorp/azurerm\"]",
      "instances": [
        {
          "schema_version": 0,
          "attributes": {
            "id": "/subscriptions/82f6d75e-85f4-434a-ab74-5dddd9fa8910/resourceGroups/rg-esp-hub/providers/Microsoft.Network/virtualNetworks/vnet-hub",
            "log_category_groups": [
              "allLogs"
            ],
            "log_category_types": [
              "VMProtectionAlerts"
            ],
            "logs": [
              "VMProtectionAlerts"
            ],
            "metrics": [
              "AllMetrics"
            ],
            "resource_id": "/subscriptions/82f6d75e-85f4-434a-ab74-5dddd9fa8910/resourceGroups/rg-esp-hub/providers/Microsoft.Network/virtualNetworks/vnet-hub",
            "timeouts": null
          },
          "sensitive_attributes": []
        }
      ]
    },
    {
      "module": "module.diagnostic_setting[\"/subscriptions/82f6d75e-85f4-434a-ab74-5dddd9fa8910/resourceGroups/rg-esp-hub/providers/Microsoft.Network/virtualNetworks/vnet-hub\"]",
      "mode": "managed",
      "type": "azurerm_monitor_diagnostic_setting",
      "name": "diagnostic_settings",
      "provider": "provider[\"registry.terraform.io/hashicorp/azurerm\"]",
      "instances": [
        {
          "schema_version": 0,
          "attributes": {
            "enabled_log": [
              {
                "category": "VMProtectionAlerts",
                "category_group": "",
                "retention_policy": [
                  {
                    "days": 7,
                    "enabled": true
                  }
                ]
              }
            ],
            "eventhub_authorization_rule_id": "",
            "eventhub_name": "",
            "id": "/subscriptions/82f6d75e-85f4-434a-ab74-5dddd9fa8910/resourceGroups/rg-esp-hub/providers/Microsoft.Network/virtualNetworks/vnet-hub|diagnostic-settings",
            "log": [
              {
                "category": "VMProtectionAlerts",
                "category_group": "",
                "enabled": true,
                "retention_policy": [
                  {
                    "days": 7,
                    "enabled": true
                  }
                ]
              }
            ],
            "log_analytics_destination_type": "",
            "log_analytics_workspace_id": "/subscriptions/82f6d75e-85f4-434a-ab74-5dddd9fa8910/resourceGroups/rg-esp-management/providers/Microsoft.OperationalInsights/workspaces/loganalyticsforaks011",
            "metric": [
              {
                "category": "AllMetrics",
                "enabled": true,
                "retention_policy": [
                  {
                    "days": 7,
                    "enabled": true
                  }
                ]
              }
            ],
            "name": "diagnostic-settings",
            "partner_solution_id": null,
            "storage_account_id": null,
            "target_resource_id": "/subscriptions/82f6d75e-85f4-434a-ab74-5dddd9fa8910/resourceGroups/rg-esp-hub/providers/Microsoft.Network/virtualNetworks/vnet-hub",
            "timeouts": null
          },
          "sensitive_attributes": [],
          "private": "eyJlMmJmYjczMC1lY2FhLTExZTYtOGY4OC0zNDM2M2JjN2M0YzAiOnsiY3JlYXRlIjoxODAwMDAwMDAwMDAwLCJkZWxldGUiOjM2MDAwMDAwMDAwMDAsInJlYWQiOjMwMDAwMDAwMDAwMCwidXBkYXRlIjoxODAwMDAwMDAwMDAwfX0=",
          "dependencies": [
            "data.azurerm_resources.resources_ds",
            "data.terraform_remote_state.management",
            "module.diagnostic_setting.data.azurerm_monitor_diagnostic_categories.categories"
          ]
        }
      ]
    },
    {
      "module": "module.diagnostic_setting[\"/subscriptions/82f6d75e-85f4-434a-ab74-5dddd9fa8910/resourceGroups/rg-esp-management/providers/Microsoft.OperationalInsights/workspaces/loganalyticsforaks011\"]",
      "mode": "data",
      "type": "azurerm_monitor_diagnostic_categories",
      "name": "categories",
      "provider": "provider[\"registry.terraform.io/hashicorp/azurerm\"]",
      "instances": [
        {
          "schema_version": 0,
          "attributes": {
            "id": "/subscriptions/82f6d75e-85f4-434a-ab74-5dddd9fa8910/resourceGroups/rg-esp-management/providers/Microsoft.OperationalInsights/workspaces/loganalyticsforaks011",
            "log_category_groups": [
              "allLogs",
              "audit"
            ],
            "log_category_types": [
              "Audit"
            ],
            "logs": [
              "Audit"
            ],
            "metrics": [
              "AllMetrics"
            ],
            "resource_id": "/subscriptions/82f6d75e-85f4-434a-ab74-5dddd9fa8910/resourceGroups/rg-esp-management/providers/Microsoft.OperationalInsights/workspaces/loganalyticsforaks011",
            "timeouts": null
          },
          "sensitive_attributes": []
        }
      ]
    },
    {
      "module": "module.diagnostic_setting[\"/subscriptions/82f6d75e-85f4-434a-ab74-5dddd9fa8910/resourceGroups/rg-esp-management/providers/Microsoft.OperationalInsights/workspaces/loganalyticsforaks011\"]",
      "mode": "managed",
      "type": "azurerm_monitor_diagnostic_setting",
      "name": "diagnostic_settings",
      "provider": "provider[\"registry.terraform.io/hashicorp/azurerm\"]",
      "instances": [
        {
          "schema_version": 0,
          "attributes": {
            "enabled_log": [
              {
                "category": "Audit",
                "category_group": "",
                "retention_policy": [
                  {
                    "days": 7,
                    "enabled": true
                  }
                ]
              }
            ],
            "eventhub_authorization_rule_id": "",
            "eventhub_name": "",
            "id": "/subscriptions/82f6d75e-85f4-434a-ab74-5dddd9fa8910/resourceGroups/rg-esp-management/providers/Microsoft.OperationalInsights/workspaces/loganalyticsforaks011|diagnostic-settings",
            "log": [
              {
                "category": "Audit",
                "category_group": "",
                "enabled": true,
                "retention_policy": [
                  {
                    "days": 7,
                    "enabled": true
                  }
                ]
              }
            ],
            "log_analytics_destination_type": "",
            "log_analytics_workspace_id": "/subscriptions/82f6d75e-85f4-434a-ab74-5dddd9fa8910/resourceGroups/rg-esp-management/providers/Microsoft.OperationalInsights/workspaces/loganalyticsforaks011",
            "metric": [
              {
                "category": "AllMetrics",
                "enabled": true,
                "retention_policy": [
                  {
                    "days": 7,
                    "enabled": true
                  }
                ]
              }
            ],
            "name": "diagnostic-settings",
            "partner_solution_id": null,
            "storage_account_id": null,
            "target_resource_id": "/subscriptions/82f6d75e-85f4-434a-ab74-5dddd9fa8910/resourceGroups/rg-esp-management/providers/Microsoft.OperationalInsights/workspaces/loganalyticsforaks011",
            "timeouts": null
          },
          "sensitive_attributes": [],
          "private": "eyJlMmJmYjczMC1lY2FhLTExZTYtOGY4OC0zNDM2M2JjN2M0YzAiOnsiY3JlYXRlIjoxODAwMDAwMDAwMDAwLCJkZWxldGUiOjM2MDAwMDAwMDAwMDAsInJlYWQiOjMwMDAwMDAwMDAwMCwidXBkYXRlIjoxODAwMDAwMDAwMDAwfX0=",
          "dependencies": [
            "data.azurerm_resources.resources_ds",
            "data.terraform_remote_state.management",
            "module.diagnostic_setting.data.azurerm_monitor_diagnostic_categories.categories"
          ]
        }
      ]
    },
    {
      "module": "module.diagnostic_setting[\"/subscriptions/82f6d75e-85f4-434a-ab74-5dddd9fa8910/resourceGroups/rg-esp-spoke-aks-cluster/providers/Microsoft.ContainerService/managedClusters/aks-esp-cluster\"]",
      "mode": "data",
      "type": "azurerm_monitor_diagnostic_categories",
      "name": "categories",
      "provider": "provider[\"registry.terraform.io/hashicorp/azurerm\"]",
      "instances": [
        {
          "schema_version": 0,
          "attributes": {
            "id": "/subscriptions/82f6d75e-85f4-434a-ab74-5dddd9fa8910/resourceGroups/rg-esp-spoke-aks-cluster/providers/Microsoft.ContainerService/managedClusters/aks-esp-cluster",
            "log_category_groups": [
              "allLogs",
              "audit"
            ],
            "log_category_types": [
              "cloud-controller-manager",
              "cluster-autoscaler",
              "csi-azuredisk-controller",
              "csi-azurefile-controller",
              "csi-snapshot-controller",
              "guard",
              "kube-apiserver",
              "kube-audit",
              "kube-audit-admin",
              "kube-controller-manager",
              "kube-scheduler"
            ],
            "logs": [
              "cloud-controller-manager",
              "cluster-autoscaler",
              "csi-azuredisk-controller",
              "csi-azurefile-controller",
              "csi-snapshot-controller",
              "guard",
              "kube-apiserver",
              "kube-audit",
              "kube-audit-admin",
              "kube-controller-manager",
              "kube-scheduler"
            ],
            "metrics": [
              "AllMetrics"
            ],
            "resource_id": "/subscriptions/82f6d75e-85f4-434a-ab74-5dddd9fa8910/resourceGroups/rg-esp-spoke-aks-cluster/providers/Microsoft.ContainerService/managedClusters/aks-esp-cluster",
            "timeouts": null
          },
          "sensitive_attributes": []
        }
      ]
    },
    {
      "module": "module.diagnostic_setting[\"/subscriptions/82f6d75e-85f4-434a-ab74-5dddd9fa8910/resourceGroups/rg-esp-spoke-aks-cluster/providers/Microsoft.ContainerService/managedClusters/aks-esp-cluster\"]",
      "mode": "managed",
      "type": "azurerm_monitor_diagnostic_setting",
      "name": "diagnostic_settings",
      "provider": "provider[\"registry.terraform.io/hashicorp/azurerm\"]",
      "instances": [
        {
          "schema_version": 0,
          "attributes": {
            "enabled_log": [
              {
                "category": "cloud-controller-manager",
                "category_group": "",
                "retention_policy": [
                  {
                    "days": 7,
                    "enabled": true
                  }
                ]
              },
              {
                "category": "cluster-autoscaler",
                "category_group": "",
                "retention_policy": [
                  {
                    "days": 7,
                    "enabled": true
                  }
                ]
              },
              {
                "category": "csi-azuredisk-controller",
                "category_group": "",
                "retention_policy": [
                  {
                    "days": 7,
                    "enabled": true
                  }
                ]
              },
              {
                "category": "csi-azurefile-controller",
                "category_group": "",
                "retention_policy": [
                  {
                    "days": 7,
                    "enabled": true
                  }
                ]
              },
              {
                "category": "csi-snapshot-controller",
                "category_group": "",
                "retention_policy": [
                  {
                    "days": 7,
                    "enabled": true
                  }
                ]
              },
              {
                "category": "guard",
                "category_group": "",
                "retention_policy": [
                  {
                    "days": 7,
                    "enabled": true
                  }
                ]
              },
              {
                "category": "kube-apiserver",
                "category_group": "",
                "retention_policy": [
                  {
                    "days": 7,
                    "enabled": true
                  }
                ]
              },
              {
                "category": "kube-audit",
                "category_group": "",
                "retention_policy": [
                  {
                    "days": 7,
                    "enabled": true
                  }
                ]
              },
              {
                "category": "kube-audit-admin",
                "category_group": "",
                "retention_policy": [
                  {
                    "days": 7,
                    "enabled": true
                  }
                ]
              },
              {
                "category": "kube-controller-manager",
                "category_group": "",
                "retention_policy": [
                  {
                    "days": 7,
                    "enabled": true
                  }
                ]
              },
              {
                "category": "kube-scheduler",
                "category_group": "",
                "retention_policy": [
                  {
                    "days": 7,
                    "enabled": true
                  }
                ]
              }
            ],
            "eventhub_authorization_rule_id": "",
            "eventhub_name": "",
            "id": "/subscriptions/82f6d75e-85f4-434a-ab74-5dddd9fa8910/resourceGroups/rg-esp-spoke-aks-cluster/providers/Microsoft.ContainerService/managedClusters/aks-esp-cluster|diagnostic-settings",
            "log": [
              {
                "category": "cloud-controller-manager",
                "category_group": "",
                "enabled": true,
                "retention_policy": [
                  {
                    "days": 7,
                    "enabled": true
                  }
                ]
              },
              {
                "category": "cluster-autoscaler",
                "category_group": "",
                "enabled": true,
                "retention_policy": [
                  {
                    "days": 7,
                    "enabled": true
                  }
                ]
              },
              {
                "category": "csi-azuredisk-controller",
                "category_group": "",
                "enabled": true,
                "retention_policy": [
                  {
                    "days": 7,
                    "enabled": true
                  }
                ]
              },
              {
                "category": "csi-azurefile-controller",
                "category_group": "",
                "enabled": true,
                "retention_policy": [
                  {
                    "days": 7,
                    "enabled": true
                  }
                ]
              },
              {
                "category": "csi-snapshot-controller",
                "category_group": "",
                "enabled": true,
                "retention_policy": [
                  {
                    "days": 7,
                    "enabled": true
                  }
                ]
              },
              {
                "category": "guard",
                "category_group": "",
                "enabled": true,
                "retention_policy": [
                  {
                    "days": 7,
                    "enabled": true
                  }
                ]
              },
              {
                "category": "kube-apiserver",
                "category_group": "",
                "enabled": true,
                "retention_policy": [
                  {
                    "days": 7,
                    "enabled": true
                  }
                ]
              },
              {
                "category": "kube-audit",
                "category_group": "",
                "enabled": true,
                "retention_policy": [
                  {
                    "days": 7,
                    "enabled": true
                  }
                ]
              },
              {
                "category": "kube-audit-admin",
                "category_group": "",
                "enabled": true,
                "retention_policy": [
                  {
                    "days": 7,
                    "enabled": true
                  }
                ]
              },
              {
                "category": "kube-controller-manager",
                "category_group": "",
                "enabled": true,
                "retention_policy": [
                  {
                    "days": 7,
                    "enabled": true
                  }
                ]
              },
              {
                "category": "kube-scheduler",
                "category_group": "",
                "enabled": true,
                "retention_policy": [
                  {
                    "days": 7,
                    "enabled": true
                  }
                ]
              }
            ],
            "log_analytics_destination_type": "",
            "log_analytics_workspace_id": "/subscriptions/82f6d75e-85f4-434a-ab74-5dddd9fa8910/resourceGroups/rg-esp-management/providers/Microsoft.OperationalInsights/workspaces/loganalyticsforaks011",
            "metric": [
              {
                "category": "AllMetrics",
                "enabled": true,
                "retention_policy": [
                  {
                    "days": 7,
                    "enabled": true
                  }
                ]
              }
            ],
            "name": "diagnostic-settings",
            "partner_solution_id": null,
            "storage_account_id": null,
            "target_resource_id": "/subscriptions/82f6d75e-85f4-434a-ab74-5dddd9fa8910/resourceGroups/rg-esp-spoke-aks-cluster/providers/Microsoft.ContainerService/managedClusters/aks-esp-cluster",
            "timeouts": null
          },
          "sensitive_attributes": [],
          "private": "eyJlMmJmYjczMC1lY2FhLTExZTYtOGY4OC0zNDM2M2JjN2M0YzAiOnsiY3JlYXRlIjoxODAwMDAwMDAwMDAwLCJkZWxldGUiOjM2MDAwMDAwMDAwMDAsInJlYWQiOjMwMDAwMDAwMDAwMCwidXBkYXRlIjoxODAwMDAwMDAwMDAwfX0=",
          "dependencies": [
            "data.azurerm_resources.resources_ds",
            "data.terraform_remote_state.management",
            "module.diagnostic_setting.data.azurerm_monitor_diagnostic_categories.categories"
          ]
        }
      ]
    },
    {
      "module": "module.diagnostic_setting[\"/subscriptions/82f6d75e-85f4-434a-ab74-5dddd9fa8910/resourceGroups/rg-esp-spoke-aks-infra/providers/Microsoft.ContainerRegistry/registries/acrforakstf01357\"]",
      "mode": "data",
      "type": "azurerm_monitor_diagnostic_categories",
      "name": "categories",
      "provider": "provider[\"registry.terraform.io/hashicorp/azurerm\"]",
      "instances": [
        {
          "schema_version": 0,
          "attributes": {
            "id": "/subscriptions/82f6d75e-85f4-434a-ab74-5dddd9fa8910/resourceGroups/rg-esp-spoke-aks-infra/providers/Microsoft.ContainerRegistry/registries/acrforakstf01357",
            "log_category_groups": [
              "allLogs",
              "audit"
            ],
            "log_category_types": [
              "ContainerRegistryLoginEvents",
              "ContainerRegistryRepositoryEvents"
            ],
            "logs": [
              "ContainerRegistryLoginEvents",
              "ContainerRegistryRepositoryEvents"
            ],
            "metrics": [
              "AllMetrics"
            ],
            "resource_id": "/subscriptions/82f6d75e-85f4-434a-ab74-5dddd9fa8910/resourceGroups/rg-esp-spoke-aks-infra/providers/Microsoft.ContainerRegistry/registries/acrforakstf01357",
            "timeouts": null
          },
          "sensitive_attributes": []
        }
      ]
    },
    {
      "module": "module.diagnostic_setting[\"/subscriptions/82f6d75e-85f4-434a-ab74-5dddd9fa8910/resourceGroups/rg-esp-spoke-aks-infra/providers/Microsoft.ContainerRegistry/registries/acrforakstf01357\"]",
      "mode": "managed",
      "type": "azurerm_monitor_diagnostic_setting",
      "name": "diagnostic_settings",
      "provider": "provider[\"registry.terraform.io/hashicorp/azurerm\"]",
      "instances": [
        {
          "schema_version": 0,
          "attributes": {
            "enabled_log": [
              {
                "category": "ContainerRegistryLoginEvents",
                "category_group": "",
                "retention_policy": [
                  {
                    "days": 7,
                    "enabled": true
                  }
                ]
              },
              {
                "category": "ContainerRegistryRepositoryEvents",
                "category_group": "",
                "retention_policy": [
                  {
                    "days": 7,
                    "enabled": true
                  }
                ]
              }
            ],
            "eventhub_authorization_rule_id": "",
            "eventhub_name": "",
            "id": "/subscriptions/82f6d75e-85f4-434a-ab74-5dddd9fa8910/resourceGroups/rg-esp-spoke-aks-infra/providers/Microsoft.ContainerRegistry/registries/acrforakstf01357|diagnostic-settings",
            "log": [
              {
                "category": "ContainerRegistryLoginEvents",
                "category_group": "",
                "enabled": true,
                "retention_policy": [
                  {
                    "days": 7,
                    "enabled": true
                  }
                ]
              },
              {
                "category": "ContainerRegistryRepositoryEvents",
                "category_group": "",
                "enabled": true,
                "retention_policy": [
                  {
                    "days": 7,
                    "enabled": true
                  }
                ]
              }
            ],
            "log_analytics_destination_type": "",
            "log_analytics_workspace_id": "/subscriptions/82f6d75e-85f4-434a-ab74-5dddd9fa8910/resourceGroups/rg-esp-management/providers/Microsoft.OperationalInsights/workspaces/loganalyticsforaks011",
            "metric": [
              {
                "category": "AllMetrics",
                "enabled": true,
                "retention_policy": [
                  {
                    "days": 7,
                    "enabled": true
                  }
                ]
              }
            ],
            "name": "diagnostic-settings",
            "partner_solution_id": null,
            "storage_account_id": null,
            "target_resource_id": "/subscriptions/82f6d75e-85f4-434a-ab74-5dddd9fa8910/resourceGroups/rg-esp-spoke-aks-infra/providers/Microsoft.ContainerRegistry/registries/acrforakstf01357",
            "timeouts": null
          },
          "sensitive_attributes": [],
          "private": "eyJlMmJmYjczMC1lY2FhLTExZTYtOGY4OC0zNDM2M2JjN2M0YzAiOnsiY3JlYXRlIjoxODAwMDAwMDAwMDAwLCJkZWxldGUiOjM2MDAwMDAwMDAwMDAsInJlYWQiOjMwMDAwMDAwMDAwMCwidXBkYXRlIjoxODAwMDAwMDAwMDAwfX0=",
          "dependencies": [
            "data.azurerm_resources.resources_ds",
            "data.terraform_remote_state.management",
            "module.diagnostic_setting.data.azurerm_monitor_diagnostic_categories.categories"
          ]
        }
      ]
    },
    {
      "module": "module.diagnostic_setting[\"/subscriptions/82f6d75e-85f4-434a-ab74-5dddd9fa8910/resourceGroups/rg-esp-spoke-aks-infra/providers/Microsoft.KeyVault/vaults/kvforaks013579\"]",
      "mode": "data",
      "type": "azurerm_monitor_diagnostic_categories",
      "name": "categories",
      "provider": "provider[\"registry.terraform.io/hashicorp/azurerm\"]",
      "instances": [
        {
          "schema_version": 0,
          "attributes": {
            "id": "/subscriptions/82f6d75e-85f4-434a-ab74-5dddd9fa8910/resourceGroups/rg-esp-spoke-aks-infra/providers/Microsoft.KeyVault/vaults/kvforaks013579",
            "log_category_groups": [
              "allLogs",
              "audit"
            ],
            "log_category_types": [
              "AuditEvent",
              "AzurePolicyEvaluationDetails"
            ],
            "logs": [
              "AuditEvent",
              "AzurePolicyEvaluationDetails"
            ],
            "metrics": [
              "AllMetrics"
            ],
            "resource_id": "/subscriptions/82f6d75e-85f4-434a-ab74-5dddd9fa8910/resourceGroups/rg-esp-spoke-aks-infra/providers/Microsoft.KeyVault/vaults/kvforaks013579",
            "timeouts": null
          },
          "sensitive_attributes": []
        }
      ]
    },
    {
      "module": "module.diagnostic_setting[\"/subscriptions/82f6d75e-85f4-434a-ab74-5dddd9fa8910/resourceGroups/rg-esp-spoke-aks-infra/providers/Microsoft.KeyVault/vaults/kvforaks013579\"]",
      "mode": "managed",
      "type": "azurerm_monitor_diagnostic_setting",
      "name": "diagnostic_settings",
      "provider": "provider[\"registry.terraform.io/hashicorp/azurerm\"]",
      "instances": [
        {
          "schema_version": 0,
          "attributes": {
            "enabled_log": [
              {
                "category": "AuditEvent",
                "category_group": "",
                "retention_policy": [
                  {
                    "days": 7,
                    "enabled": true
                  }
                ]
              },
              {
                "category": "AzurePolicyEvaluationDetails",
                "category_group": "",
                "retention_policy": [
                  {
                    "days": 7,
                    "enabled": true
                  }
                ]
              }
            ],
            "eventhub_authorization_rule_id": "",
            "eventhub_name": "",
            "id": "/subscriptions/82f6d75e-85f4-434a-ab74-5dddd9fa8910/resourceGroups/rg-esp-spoke-aks-infra/providers/Microsoft.KeyVault/vaults/kvforaks013579|diagnostic-settings",
            "log": [
              {
                "category": "AuditEvent",
                "category_group": "",
                "enabled": true,
                "retention_policy": [
                  {
                    "days": 7,
                    "enabled": true
                  }
                ]
              },
              {
                "category": "AzurePolicyEvaluationDetails",
                "category_group": "",
                "enabled": true,
                "retention_policy": [
                  {
                    "days": 7,
                    "enabled": true
                  }
                ]
              }
            ],
            "log_analytics_destination_type": "",
            "log_analytics_workspace_id": "/subscriptions/82f6d75e-85f4-434a-ab74-5dddd9fa8910/resourceGroups/rg-esp-management/providers/Microsoft.OperationalInsights/workspaces/loganalyticsforaks011",
            "metric": [
              {
                "category": "AllMetrics",
                "enabled": true,
                "retention_policy": [
                  {
                    "days": 7,
                    "enabled": true
                  }
                ]
              }
            ],
            "name": "diagnostic-settings",
            "partner_solution_id": null,
            "storage_account_id": null,
            "target_resource_id": "/subscriptions/82f6d75e-85f4-434a-ab74-5dddd9fa8910/resourceGroups/rg-esp-spoke-aks-infra/providers/Microsoft.KeyVault/vaults/kvforaks013579",
            "timeouts": null
          },
          "sensitive_attributes": [],
          "private": "eyJlMmJmYjczMC1lY2FhLTExZTYtOGY4OC0zNDM2M2JjN2M0YzAiOnsiY3JlYXRlIjoxODAwMDAwMDAwMDAwLCJkZWxldGUiOjM2MDAwMDAwMDAwMDAsInJlYWQiOjMwMDAwMDAwMDAwMCwidXBkYXRlIjoxODAwMDAwMDAwMDAwfX0=",
          "dependencies": [
            "data.azurerm_resources.resources_ds",
            "data.terraform_remote_state.management",
            "module.diagnostic_setting.data.azurerm_monitor_diagnostic_categories.categories"
          ]
        }
      ]
    },
    {
      "module": "module.diagnostic_setting[\"/subscriptions/82f6d75e-85f4-434a-ab74-5dddd9fa8910/resourceGroups/rg-esp-spoke-aks-infra/providers/Microsoft.Network/applicationGateways/appgw-aks\"]",
      "mode": "data",
      "type": "azurerm_monitor_diagnostic_categories",
      "name": "categories",
      "provider": "provider[\"registry.terraform.io/hashicorp/azurerm\"]",
      "instances": [
        {
          "schema_version": 0,
          "attributes": {
            "id": "/subscriptions/82f6d75e-85f4-434a-ab74-5dddd9fa8910/resourceGroups/rg-esp-spoke-aks-infra/providers/Microsoft.Network/applicationGateways/appgw-aks",
            "log_category_groups": [
              "allLogs"
            ],
            "log_category_types": [
              "ApplicationGatewayAccessLog",
              "ApplicationGatewayFirewallLog",
              "ApplicationGatewayPerformanceLog"
            ],
            "logs": [
              "ApplicationGatewayAccessLog",
              "ApplicationGatewayFirewallLog",
              "ApplicationGatewayPerformanceLog"
            ],
            "metrics": [
              "AllMetrics"
            ],
            "resource_id": "/subscriptions/82f6d75e-85f4-434a-ab74-5dddd9fa8910/resourceGroups/rg-esp-spoke-aks-infra/providers/Microsoft.Network/applicationGateways/appgw-aks",
            "timeouts": null
          },
          "sensitive_attributes": []
        }
      ]
    },
    {
      "module": "module.diagnostic_setting[\"/subscriptions/82f6d75e-85f4-434a-ab74-5dddd9fa8910/resourceGroups/rg-esp-spoke-aks-infra/providers/Microsoft.Network/applicationGateways/appgw-aks\"]",
      "mode": "managed",
      "type": "azurerm_monitor_diagnostic_setting",
      "name": "diagnostic_settings",
      "provider": "provider[\"registry.terraform.io/hashicorp/azurerm\"]",
      "instances": [
        {
          "schema_version": 0,
          "attributes": {
            "enabled_log": [
              {
                "category": "ApplicationGatewayAccessLog",
                "category_group": "",
                "retention_policy": [
                  {
                    "days": 7,
                    "enabled": true
                  }
                ]
              },
              {
                "category": "ApplicationGatewayFirewallLog",
                "category_group": "",
                "retention_policy": [
                  {
                    "days": 7,
                    "enabled": true
                  }
                ]
              },
              {
                "category": "ApplicationGatewayPerformanceLog",
                "category_group": "",
                "retention_policy": [
                  {
                    "days": 7,
                    "enabled": true
                  }
                ]
              }
            ],
            "eventhub_authorization_rule_id": "",
            "eventhub_name": "",
            "id": "/subscriptions/82f6d75e-85f4-434a-ab74-5dddd9fa8910/resourceGroups/rg-esp-spoke-aks-infra/providers/Microsoft.Network/applicationGateways/appgw-aks|diagnostic-settings",
            "log": [
              {
                "category": "ApplicationGatewayAccessLog",
                "category_group": "",
                "enabled": true,
                "retention_policy": [
                  {
                    "days": 7,
                    "enabled": true
                  }
                ]
              },
              {
                "category": "ApplicationGatewayFirewallLog",
                "category_group": "",
                "enabled": true,
                "retention_policy": [
                  {
                    "days": 7,
                    "enabled": true
                  }
                ]
              },
              {
                "category": "ApplicationGatewayPerformanceLog",
                "category_group": "",
                "enabled": true,
                "retention_policy": [
                  {
                    "days": 7,
                    "enabled": true
                  }
                ]
              }
            ],
            "log_analytics_destination_type": "",
            "log_analytics_workspace_id": "/subscriptions/82f6d75e-85f4-434a-ab74-5dddd9fa8910/resourceGroups/rg-esp-management/providers/Microsoft.OperationalInsights/workspaces/loganalyticsforaks011",
            "metric": [
              {
                "category": "AllMetrics",
                "enabled": true,
                "retention_policy": [
                  {
                    "days": 7,
                    "enabled": true
                  }
                ]
              }
            ],
            "name": "diagnostic-settings",
            "partner_solution_id": null,
            "storage_account_id": null,
            "target_resource_id": "/subscriptions/82f6d75e-85f4-434a-ab74-5dddd9fa8910/resourceGroups/rg-esp-spoke-aks-infra/providers/Microsoft.Network/applicationGateways/appgw-aks",
            "timeouts": null
          },
          "sensitive_attributes": [],
          "private": "eyJlMmJmYjczMC1lY2FhLTExZTYtOGY4OC0zNDM2M2JjN2M0YzAiOnsiY3JlYXRlIjoxODAwMDAwMDAwMDAwLCJkZWxldGUiOjM2MDAwMDAwMDAwMDAsInJlYWQiOjMwMDAwMDAwMDAwMCwidXBkYXRlIjoxODAwMDAwMDAwMDAwfX0=",
          "dependencies": [
            "data.azurerm_resources.resources_ds",
            "data.terraform_remote_state.management",
            "module.diagnostic_setting.data.azurerm_monitor_diagnostic_categories.categories"
          ]
        }
      ]
    },
    {
      "module": "module.diagnostic_setting[\"/subscriptions/82f6d75e-85f4-434a-ab74-5dddd9fa8910/resourceGroups/rg-esp-spoke-aks-infra/providers/Microsoft.Network/networkInterfaces/private-endpoint-acr.nic.f10d3cbc-abaa-4f5a-ae53-2aaea645d262\"]",
      "mode": "data",
      "type": "azurerm_monitor_diagnostic_categories",
      "name": "categories",
      "provider": "provider[\"registry.terraform.io/hashicorp/azurerm\"]",
      "instances": [
        {
          "schema_version": 0,
          "attributes": {
            "id": "/subscriptions/82f6d75e-85f4-434a-ab74-5dddd9fa8910/resourceGroups/rg-esp-spoke-aks-infra/providers/Microsoft.Network/networkInterfaces/private-endpoint-acr.nic.f10d3cbc-abaa-4f5a-ae53-2aaea645d262",
            "log_category_groups": [],
            "log_category_types": [],
            "logs": [],
            "metrics": [
              "AllMetrics"
            ],
            "resource_id": "/subscriptions/82f6d75e-85f4-434a-ab74-5dddd9fa8910/resourceGroups/rg-esp-spoke-aks-infra/providers/Microsoft.Network/networkInterfaces/private-endpoint-acr.nic.f10d3cbc-abaa-4f5a-ae53-2aaea645d262",
            "timeouts": null
          },
          "sensitive_attributes": []
        }
      ]
    },
    {
      "module": "module.diagnostic_setting[\"/subscriptions/82f6d75e-85f4-434a-ab74-5dddd9fa8910/resourceGroups/rg-esp-spoke-aks-infra/providers/Microsoft.Network/networkInterfaces/private-endpoint-acr.nic.f10d3cbc-abaa-4f5a-ae53-2aaea645d262\"]",
      "mode": "managed",
      "type": "azurerm_monitor_diagnostic_setting",
      "name": "diagnostic_settings",
      "provider": "provider[\"registry.terraform.io/hashicorp/azurerm\"]",
      "instances": [
        {
          "schema_version": 0,
          "attributes": {
            "enabled_log": [],
            "eventhub_authorization_rule_id": "",
            "eventhub_name": "",
            "id": "/subscriptions/82f6d75e-85f4-434a-ab74-5dddd9fa8910/resourceGroups/rg-esp-spoke-aks-infra/providers/Microsoft.Network/networkInterfaces/private-endpoint-acr.nic.f10d3cbc-abaa-4f5a-ae53-2aaea645d262|diagnostic-settings",
            "log": [],
            "log_analytics_destination_type": "",
            "log_analytics_workspace_id": "/subscriptions/82f6d75e-85f4-434a-ab74-5dddd9fa8910/resourceGroups/rg-esp-management/providers/Microsoft.OperationalInsights/workspaces/loganalyticsforaks011",
            "metric": [
              {
                "category": "AllMetrics",
                "enabled": true,
                "retention_policy": [
                  {
                    "days": 7,
                    "enabled": true
                  }
                ]
              }
            ],
            "name": "diagnostic-settings",
            "partner_solution_id": null,
            "storage_account_id": null,
            "target_resource_id": "/subscriptions/82f6d75e-85f4-434a-ab74-5dddd9fa8910/resourceGroups/rg-esp-spoke-aks-infra/providers/Microsoft.Network/networkInterfaces/private-endpoint-acr.nic.f10d3cbc-abaa-4f5a-ae53-2aaea645d262",
            "timeouts": null
          },
          "sensitive_attributes": [],
          "private": "eyJlMmJmYjczMC1lY2FhLTExZTYtOGY4OC0zNDM2M2JjN2M0YzAiOnsiY3JlYXRlIjoxODAwMDAwMDAwMDAwLCJkZWxldGUiOjM2MDAwMDAwMDAwMDAsInJlYWQiOjMwMDAwMDAwMDAwMCwidXBkYXRlIjoxODAwMDAwMDAwMDAwfX0=",
          "dependencies": [
            "data.azurerm_resources.resources_ds",
            "data.terraform_remote_state.management",
            "module.diagnostic_setting.data.azurerm_monitor_diagnostic_categories.categories"
          ]
        }
      ]
    },
    {
      "module": "module.diagnostic_setting[\"/subscriptions/82f6d75e-85f4-434a-ab74-5dddd9fa8910/resourceGroups/rg-esp-spoke-aks-infra/providers/Microsoft.Network/networkInterfaces/private-endpoint-keyvault.nic.805074f3-edd5-4e94-9842-b87d01adc5d5\"]",
      "mode": "data",
      "type": "azurerm_monitor_diagnostic_categories",
      "name": "categories",
      "provider": "provider[\"registry.terraform.io/hashicorp/azurerm\"]",
      "instances": [
        {
          "schema_version": 0,
          "attributes": {
            "id": "/subscriptions/82f6d75e-85f4-434a-ab74-5dddd9fa8910/resourceGroups/rg-esp-spoke-aks-infra/providers/Microsoft.Network/networkInterfaces/private-endpoint-keyvault.nic.805074f3-edd5-4e94-9842-b87d01adc5d5",
            "log_category_groups": [],
            "log_category_types": [],
            "logs": [],
            "metrics": [
              "AllMetrics"
            ],
            "resource_id": "/subscriptions/82f6d75e-85f4-434a-ab74-5dddd9fa8910/resourceGroups/rg-esp-spoke-aks-infra/providers/Microsoft.Network/networkInterfaces/private-endpoint-keyvault.nic.805074f3-edd5-4e94-9842-b87d01adc5d5",
            "timeouts": null
          },
          "sensitive_attributes": []
        }
      ]
    },
    {
      "module": "module.diagnostic_setting[\"/subscriptions/82f6d75e-85f4-434a-ab74-5dddd9fa8910/resourceGroups/rg-esp-spoke-aks-infra/providers/Microsoft.Network/networkInterfaces/private-endpoint-keyvault.nic.805074f3-edd5-4e94-9842-b87d01adc5d5\"]",
      "mode": "managed",
      "type": "azurerm_monitor_diagnostic_setting",
      "name": "diagnostic_settings",
      "provider": "provider[\"registry.terraform.io/hashicorp/azurerm\"]",
      "instances": [
        {
          "schema_version": 0,
          "attributes": {
            "enabled_log": [],
            "eventhub_authorization_rule_id": "",
            "eventhub_name": "",
            "id": "/subscriptions/82f6d75e-85f4-434a-ab74-5dddd9fa8910/resourceGroups/rg-esp-spoke-aks-infra/providers/Microsoft.Network/networkInterfaces/private-endpoint-keyvault.nic.805074f3-edd5-4e94-9842-b87d01adc5d5|diagnostic-settings",
            "log": [],
            "log_analytics_destination_type": "",
            "log_analytics_workspace_id": "/subscriptions/82f6d75e-85f4-434a-ab74-5dddd9fa8910/resourceGroups/rg-esp-management/providers/Microsoft.OperationalInsights/workspaces/loganalyticsforaks011",
            "metric": [
              {
                "category": "AllMetrics",
                "enabled": true,
                "retention_policy": [
                  {
                    "days": 7,
                    "enabled": true
                  }
                ]
              }
            ],
            "name": "diagnostic-settings",
            "partner_solution_id": null,
            "storage_account_id": null,
            "target_resource_id": "/subscriptions/82f6d75e-85f4-434a-ab74-5dddd9fa8910/resourceGroups/rg-esp-spoke-aks-infra/providers/Microsoft.Network/networkInterfaces/private-endpoint-keyvault.nic.805074f3-edd5-4e94-9842-b87d01adc5d5",
            "timeouts": null
          },
          "sensitive_attributes": [],
          "private": "eyJlMmJmYjczMC1lY2FhLTExZTYtOGY4OC0zNDM2M2JjN2M0YzAiOnsiY3JlYXRlIjoxODAwMDAwMDAwMDAwLCJkZWxldGUiOjM2MDAwMDAwMDAwMDAsInJlYWQiOjMwMDAwMDAwMDAwMCwidXBkYXRlIjoxODAwMDAwMDAwMDAwfX0=",
          "dependencies": [
            "data.azurerm_resources.resources_ds",
            "data.terraform_remote_state.management",
            "module.diagnostic_setting.data.azurerm_monitor_diagnostic_categories.categories"
          ]
        }
      ]
    },
    {
      "module": "module.diagnostic_setting[\"/subscriptions/82f6d75e-85f4-434a-ab74-5dddd9fa8910/resourceGroups/rg-esp-spoke-aks-infra/providers/Microsoft.Network/networkInterfaces/private-endpoint-storage.nic.7e4c08e8-e267-4635-aa61-d91836b3488e\"]",
      "mode": "data",
      "type": "azurerm_monitor_diagnostic_categories",
      "name": "categories",
      "provider": "provider[\"registry.terraform.io/hashicorp/azurerm\"]",
      "instances": [
        {
          "schema_version": 0,
          "attributes": {
            "id": "/subscriptions/82f6d75e-85f4-434a-ab74-5dddd9fa8910/resourceGroups/rg-esp-spoke-aks-infra/providers/Microsoft.Network/networkInterfaces/private-endpoint-storage.nic.7e4c08e8-e267-4635-aa61-d91836b3488e",
            "log_category_groups": [],
            "log_category_types": [],
            "logs": [],
            "metrics": [
              "AllMetrics"
            ],
            "resource_id": "/subscriptions/82f6d75e-85f4-434a-ab74-5dddd9fa8910/resourceGroups/rg-esp-spoke-aks-infra/providers/Microsoft.Network/networkInterfaces/private-endpoint-storage.nic.7e4c08e8-e267-4635-aa61-d91836b3488e",
            "timeouts": null
          },
          "sensitive_attributes": []
        }
      ]
    },
    {
      "module": "module.diagnostic_setting[\"/subscriptions/82f6d75e-85f4-434a-ab74-5dddd9fa8910/resourceGroups/rg-esp-spoke-aks-infra/providers/Microsoft.Network/networkInterfaces/private-endpoint-storage.nic.7e4c08e8-e267-4635-aa61-d91836b3488e\"]",
      "mode": "managed",
      "type": "azurerm_monitor_diagnostic_setting",
      "name": "diagnostic_settings",
      "provider": "provider[\"registry.terraform.io/hashicorp/azurerm\"]",
      "instances": [
        {
          "schema_version": 0,
          "attributes": {
            "enabled_log": [],
            "eventhub_authorization_rule_id": "",
            "eventhub_name": "",
            "id": "/subscriptions/82f6d75e-85f4-434a-ab74-5dddd9fa8910/resourceGroups/rg-esp-spoke-aks-infra/providers/Microsoft.Network/networkInterfaces/private-endpoint-storage.nic.7e4c08e8-e267-4635-aa61-d91836b3488e|diagnostic-settings",
            "log": [],
            "log_analytics_destination_type": "",
            "log_analytics_workspace_id": "/subscriptions/82f6d75e-85f4-434a-ab74-5dddd9fa8910/resourceGroups/rg-esp-management/providers/Microsoft.OperationalInsights/workspaces/loganalyticsforaks011",
            "metric": [
              {
                "category": "AllMetrics",
                "enabled": true,
                "retention_policy": [
                  {
                    "days": 7,
                    "enabled": true
                  }
                ]
              }
            ],
            "name": "diagnostic-settings",
            "partner_solution_id": null,
            "storage_account_id": null,
            "target_resource_id": "/subscriptions/82f6d75e-85f4-434a-ab74-5dddd9fa8910/resourceGroups/rg-esp-spoke-aks-infra/providers/Microsoft.Network/networkInterfaces/private-endpoint-storage.nic.7e4c08e8-e267-4635-aa61-d91836b3488e",
            "timeouts": null
          },
          "sensitive_attributes": [],
          "private": "eyJlMmJmYjczMC1lY2FhLTExZTYtOGY4OC0zNDM2M2JjN2M0YzAiOnsiY3JlYXRlIjoxODAwMDAwMDAwMDAwLCJkZWxldGUiOjM2MDAwMDAwMDAwMDAsInJlYWQiOjMwMDAwMDAwMDAwMCwidXBkYXRlIjoxODAwMDAwMDAwMDAwfX0=",
          "dependencies": [
            "data.azurerm_resources.resources_ds",
            "data.terraform_remote_state.management",
            "module.diagnostic_setting.data.azurerm_monitor_diagnostic_categories.categories"
          ]
        }
      ]
    },
    {
      "module": "module.diagnostic_setting[\"/subscriptions/82f6d75e-85f4-434a-ab74-5dddd9fa8910/resourceGroups/rg-esp-spoke-aks-infra/providers/Microsoft.Network/networkSecurityGroups/vnet-spoke-aks-subnet-apiserver-nsg-westeurope\"]",
      "mode": "data",
      "type": "azurerm_monitor_diagnostic_categories",
      "name": "categories",
      "provider": "provider[\"registry.terraform.io/hashicorp/azurerm\"]",
      "instances": [
        {
          "schema_version": 0,
          "attributes": {
            "id": "/subscriptions/82f6d75e-85f4-434a-ab74-5dddd9fa8910/resourceGroups/rg-esp-spoke-aks-infra/providers/Microsoft.Network/networkSecurityGroups/vnet-spoke-aks-subnet-apiserver-nsg-westeurope",
            "log_category_groups": [
              "allLogs"
            ],
            "log_category_types": [
              "NetworkSecurityGroupEvent",
              "NetworkSecurityGroupRuleCounter"
            ],
            "logs": [
              "NetworkSecurityGroupEvent",
              "NetworkSecurityGroupRuleCounter"
            ],
            "metrics": [],
            "resource_id": "/subscriptions/82f6d75e-85f4-434a-ab74-5dddd9fa8910/resourceGroups/rg-esp-spoke-aks-infra/providers/Microsoft.Network/networkSecurityGroups/vnet-spoke-aks-subnet-apiserver-nsg-westeurope",
            "timeouts": null
          },
          "sensitive_attributes": []
        }
      ]
    },
    {
      "module": "module.diagnostic_setting[\"/subscriptions/82f6d75e-85f4-434a-ab74-5dddd9fa8910/resourceGroups/rg-esp-spoke-aks-infra/providers/Microsoft.Network/networkSecurityGroups/vnet-spoke-aks-subnet-apiserver-nsg-westeurope\"]",
      "mode": "managed",
      "type": "azurerm_monitor_diagnostic_setting",
      "name": "diagnostic_settings",
      "provider": "provider[\"registry.terraform.io/hashicorp/azurerm\"]",
      "instances": [
        {
          "schema_version": 0,
          "attributes": {
            "enabled_log": [
              {
                "category": "NetworkSecurityGroupEvent",
                "category_group": "",
                "retention_policy": [
                  {
                    "days": 7,
                    "enabled": true
                  }
                ]
              },
              {
                "category": "NetworkSecurityGroupRuleCounter",
                "category_group": "",
                "retention_policy": [
                  {
                    "days": 7,
                    "enabled": true
                  }
                ]
              }
            ],
            "eventhub_authorization_rule_id": "",
            "eventhub_name": "",
            "id": "/subscriptions/82f6d75e-85f4-434a-ab74-5dddd9fa8910/resourceGroups/rg-esp-spoke-aks-infra/providers/Microsoft.Network/networkSecurityGroups/vnet-spoke-aks-subnet-apiserver-nsg-westeurope|diagnostic-settings",
            "log": [
              {
                "category": "NetworkSecurityGroupEvent",
                "category_group": "",
                "enabled": true,
                "retention_policy": [
                  {
                    "days": 7,
                    "enabled": true
                  }
                ]
              },
              {
                "category": "NetworkSecurityGroupRuleCounter",
                "category_group": "",
                "enabled": true,
                "retention_policy": [
                  {
                    "days": 7,
                    "enabled": true
                  }
                ]
              }
            ],
            "log_analytics_destination_type": "",
            "log_analytics_workspace_id": "/subscriptions/82f6d75e-85f4-434a-ab74-5dddd9fa8910/resourceGroups/rg-esp-management/providers/Microsoft.OperationalInsights/workspaces/loganalyticsforaks011",
            "metric": [],
            "name": "diagnostic-settings",
            "partner_solution_id": null,
            "storage_account_id": null,
            "target_resource_id": "/subscriptions/82f6d75e-85f4-434a-ab74-5dddd9fa8910/resourceGroups/rg-esp-spoke-aks-infra/providers/Microsoft.Network/networkSecurityGroups/vnet-spoke-aks-subnet-apiserver-nsg-westeurope",
            "timeouts": null
          },
          "sensitive_attributes": [],
          "private": "eyJlMmJmYjczMC1lY2FhLTExZTYtOGY4OC0zNDM2M2JjN2M0YzAiOnsiY3JlYXRlIjoxODAwMDAwMDAwMDAwLCJkZWxldGUiOjM2MDAwMDAwMDAwMDAsInJlYWQiOjMwMDAwMDAwMDAwMCwidXBkYXRlIjoxODAwMDAwMDAwMDAwfX0=",
          "dependencies": [
            "data.azurerm_resources.resources_ds",
            "data.terraform_remote_state.management",
            "module.diagnostic_setting.data.azurerm_monitor_diagnostic_categories.categories"
          ]
        }
      ]
    },
    {
      "module": "module.diagnostic_setting[\"/subscriptions/82f6d75e-85f4-434a-ab74-5dddd9fa8910/resourceGroups/rg-esp-spoke-aks-infra/providers/Microsoft.Network/networkSecurityGroups/vnet-spoke-aks-subnet-appgw-nsg-westeurope\"]",
      "mode": "data",
      "type": "azurerm_monitor_diagnostic_categories",
      "name": "categories",
      "provider": "provider[\"registry.terraform.io/hashicorp/azurerm\"]",
      "instances": [
        {
          "schema_version": 0,
          "attributes": {
            "id": "/subscriptions/82f6d75e-85f4-434a-ab74-5dddd9fa8910/resourceGroups/rg-esp-spoke-aks-infra/providers/Microsoft.Network/networkSecurityGroups/vnet-spoke-aks-subnet-appgw-nsg-westeurope",
            "log_category_groups": [
              "allLogs"
            ],
            "log_category_types": [
              "NetworkSecurityGroupEvent",
              "NetworkSecurityGroupRuleCounter"
            ],
            "logs": [
              "NetworkSecurityGroupEvent",
              "NetworkSecurityGroupRuleCounter"
            ],
            "metrics": [],
            "resource_id": "/subscriptions/82f6d75e-85f4-434a-ab74-5dddd9fa8910/resourceGroups/rg-esp-spoke-aks-infra/providers/Microsoft.Network/networkSecurityGroups/vnet-spoke-aks-subnet-appgw-nsg-westeurope",
            "timeouts": null
          },
          "sensitive_attributes": []
        }
      ]
    },
    {
      "module": "module.diagnostic_setting[\"/subscriptions/82f6d75e-85f4-434a-ab74-5dddd9fa8910/resourceGroups/rg-esp-spoke-aks-infra/providers/Microsoft.Network/networkSecurityGroups/vnet-spoke-aks-subnet-appgw-nsg-westeurope\"]",
      "mode": "managed",
      "type": "azurerm_monitor_diagnostic_setting",
      "name": "diagnostic_settings",
      "provider": "provider[\"registry.terraform.io/hashicorp/azurerm\"]",
      "instances": [
        {
          "schema_version": 0,
          "attributes": {
            "enabled_log": [
              {
                "category": "NetworkSecurityGroupEvent",
                "category_group": "",
                "retention_policy": [
                  {
                    "days": 7,
                    "enabled": true
                  }
                ]
              },
              {
                "category": "NetworkSecurityGroupRuleCounter",
                "category_group": "",
                "retention_policy": [
                  {
                    "days": 7,
                    "enabled": true
                  }
                ]
              }
            ],
            "eventhub_authorization_rule_id": "",
            "eventhub_name": "",
            "id": "/subscriptions/82f6d75e-85f4-434a-ab74-5dddd9fa8910/resourceGroups/rg-esp-spoke-aks-infra/providers/Microsoft.Network/networkSecurityGroups/vnet-spoke-aks-subnet-appgw-nsg-westeurope|diagnostic-settings",
            "log": [
              {
                "category": "NetworkSecurityGroupEvent",
                "category_group": "",
                "enabled": true,
                "retention_policy": [
                  {
                    "days": 7,
                    "enabled": true
                  }
                ]
              },
              {
                "category": "NetworkSecurityGroupRuleCounter",
                "category_group": "",
                "enabled": true,
                "retention_policy": [
                  {
                    "days": 7,
                    "enabled": true
                  }
                ]
              }
            ],
            "log_analytics_destination_type": "",
            "log_analytics_workspace_id": "/subscriptions/82f6d75e-85f4-434a-ab74-5dddd9fa8910/resourceGroups/rg-esp-management/providers/Microsoft.OperationalInsights/workspaces/loganalyticsforaks011",
            "metric": [],
            "name": "diagnostic-settings",
            "partner_solution_id": null,
            "storage_account_id": null,
            "target_resource_id": "/subscriptions/82f6d75e-85f4-434a-ab74-5dddd9fa8910/resourceGroups/rg-esp-spoke-aks-infra/providers/Microsoft.Network/networkSecurityGroups/vnet-spoke-aks-subnet-appgw-nsg-westeurope",
            "timeouts": null
          },
          "sensitive_attributes": [],
          "private": "eyJlMmJmYjczMC1lY2FhLTExZTYtOGY4OC0zNDM2M2JjN2M0YzAiOnsiY3JlYXRlIjoxODAwMDAwMDAwMDAwLCJkZWxldGUiOjM2MDAwMDAwMDAwMDAsInJlYWQiOjMwMDAwMDAwMDAwMCwidXBkYXRlIjoxODAwMDAwMDAwMDAwfX0=",
          "dependencies": [
            "data.azurerm_resources.resources_ds",
            "data.terraform_remote_state.management",
            "module.diagnostic_setting.data.azurerm_monitor_diagnostic_categories.categories"
          ]
        }
      ]
    },
    {
      "module": "module.diagnostic_setting[\"/subscriptions/82f6d75e-85f4-434a-ab74-5dddd9fa8910/resourceGroups/rg-esp-spoke-aks-infra/providers/Microsoft.Network/networkSecurityGroups/vnet-spoke-aks-subnet-nodes-nsg-westeurope\"]",
      "mode": "data",
      "type": "azurerm_monitor_diagnostic_categories",
      "name": "categories",
      "provider": "provider[\"registry.terraform.io/hashicorp/azurerm\"]",
      "instances": [
        {
          "schema_version": 0,
          "attributes": {
            "id": "/subscriptions/82f6d75e-85f4-434a-ab74-5dddd9fa8910/resourceGroups/rg-esp-spoke-aks-infra/providers/Microsoft.Network/networkSecurityGroups/vnet-spoke-aks-subnet-nodes-nsg-westeurope",
            "log_category_groups": [
              "allLogs"
            ],
            "log_category_types": [
              "NetworkSecurityGroupEvent",
              "NetworkSecurityGroupRuleCounter"
            ],
            "logs": [
              "NetworkSecurityGroupEvent",
              "NetworkSecurityGroupRuleCounter"
            ],
            "metrics": [],
            "resource_id": "/subscriptions/82f6d75e-85f4-434a-ab74-5dddd9fa8910/resourceGroups/rg-esp-spoke-aks-infra/providers/Microsoft.Network/networkSecurityGroups/vnet-spoke-aks-subnet-nodes-nsg-westeurope",
            "timeouts": null
          },
          "sensitive_attributes": []
        }
      ]
    },
    {
      "module": "module.diagnostic_setting[\"/subscriptions/82f6d75e-85f4-434a-ab74-5dddd9fa8910/resourceGroups/rg-esp-spoke-aks-infra/providers/Microsoft.Network/networkSecurityGroups/vnet-spoke-aks-subnet-nodes-nsg-westeurope\"]",
      "mode": "managed",
      "type": "azurerm_monitor_diagnostic_setting",
      "name": "diagnostic_settings",
      "provider": "provider[\"registry.terraform.io/hashicorp/azurerm\"]",
      "instances": [
        {
          "schema_version": 0,
          "attributes": {
            "enabled_log": [
              {
                "category": "NetworkSecurityGroupEvent",
                "category_group": "",
                "retention_policy": [
                  {
                    "days": 7,
                    "enabled": true
                  }
                ]
              },
              {
                "category": "NetworkSecurityGroupRuleCounter",
                "category_group": "",
                "retention_policy": [
                  {
                    "days": 7,
                    "enabled": true
                  }
                ]
              }
            ],
            "eventhub_authorization_rule_id": "",
            "eventhub_name": "",
            "id": "/subscriptions/82f6d75e-85f4-434a-ab74-5dddd9fa8910/resourceGroups/rg-esp-spoke-aks-infra/providers/Microsoft.Network/networkSecurityGroups/vnet-spoke-aks-subnet-nodes-nsg-westeurope|diagnostic-settings",
            "log": [
              {
                "category": "NetworkSecurityGroupEvent",
                "category_group": "",
                "enabled": true,
                "retention_policy": [
                  {
                    "days": 7,
                    "enabled": true
                  }
                ]
              },
              {
                "category": "NetworkSecurityGroupRuleCounter",
                "category_group": "",
                "enabled": true,
                "retention_policy": [
                  {
                    "days": 7,
                    "enabled": true
                  }
                ]
              }
            ],
            "log_analytics_destination_type": "",
            "log_analytics_workspace_id": "/subscriptions/82f6d75e-85f4-434a-ab74-5dddd9fa8910/resourceGroups/rg-esp-management/providers/Microsoft.OperationalInsights/workspaces/loganalyticsforaks011",
            "metric": [],
            "name": "diagnostic-settings",
            "partner_solution_id": null,
            "storage_account_id": null,
            "target_resource_id": "/subscriptions/82f6d75e-85f4-434a-ab74-5dddd9fa8910/resourceGroups/rg-esp-spoke-aks-infra/providers/Microsoft.Network/networkSecurityGroups/vnet-spoke-aks-subnet-nodes-nsg-westeurope",
            "timeouts": null
          },
          "sensitive_attributes": [],
          "private": "eyJlMmJmYjczMC1lY2FhLTExZTYtOGY4OC0zNDM2M2JjN2M0YzAiOnsiY3JlYXRlIjoxODAwMDAwMDAwMDAwLCJkZWxldGUiOjM2MDAwMDAwMDAwMDAsInJlYWQiOjMwMDAwMDAwMDAwMCwidXBkYXRlIjoxODAwMDAwMDAwMDAwfX0=",
          "dependencies": [
            "data.azurerm_resources.resources_ds",
            "data.terraform_remote_state.management",
            "module.diagnostic_setting.data.azurerm_monitor_diagnostic_categories.categories"
          ]
        }
      ]
    },
    {
      "module": "module.diagnostic_setting[\"/subscriptions/82f6d75e-85f4-434a-ab74-5dddd9fa8910/resourceGroups/rg-esp-spoke-aks-infra/providers/Microsoft.Network/networkSecurityGroups/vnet-spoke-aks-subnet-nodes-poolappsarm-nsg-westeurope\"]",
      "mode": "data",
      "type": "azurerm_monitor_diagnostic_categories",
      "name": "categories",
      "provider": "provider[\"registry.terraform.io/hashicorp/azurerm\"]",
      "instances": [
        {
          "schema_version": 0,
          "attributes": {
            "id": "/subscriptions/82f6d75e-85f4-434a-ab74-5dddd9fa8910/resourceGroups/rg-esp-spoke-aks-infra/providers/Microsoft.Network/networkSecurityGroups/vnet-spoke-aks-subnet-nodes-poolappsarm-nsg-westeurope",
            "log_category_groups": [
              "allLogs"
            ],
            "log_category_types": [
              "NetworkSecurityGroupEvent",
              "NetworkSecurityGroupRuleCounter"
            ],
            "logs": [
              "NetworkSecurityGroupEvent",
              "NetworkSecurityGroupRuleCounter"
            ],
            "metrics": [],
            "resource_id": "/subscriptions/82f6d75e-85f4-434a-ab74-5dddd9fa8910/resourceGroups/rg-esp-spoke-aks-infra/providers/Microsoft.Network/networkSecurityGroups/vnet-spoke-aks-subnet-nodes-poolappsarm-nsg-westeurope",
            "timeouts": null
          },
          "sensitive_attributes": []
        }
      ]
    },
    {
      "module": "module.diagnostic_setting[\"/subscriptions/82f6d75e-85f4-434a-ab74-5dddd9fa8910/resourceGroups/rg-esp-spoke-aks-infra/providers/Microsoft.Network/networkSecurityGroups/vnet-spoke-aks-subnet-nodes-poolappsarm-nsg-westeurope\"]",
      "mode": "managed",
      "type": "azurerm_monitor_diagnostic_setting",
      "name": "diagnostic_settings",
      "provider": "provider[\"registry.terraform.io/hashicorp/azurerm\"]",
      "instances": [
        {
          "schema_version": 0,
          "attributes": {
            "enabled_log": [
              {
                "category": "NetworkSecurityGroupEvent",
                "category_group": "",
                "retention_policy": [
                  {
                    "days": 7,
                    "enabled": true
                  }
                ]
              },
              {
                "category": "NetworkSecurityGroupRuleCounter",
                "category_group": "",
                "retention_policy": [
                  {
                    "days": 7,
                    "enabled": true
                  }
                ]
              }
            ],
            "eventhub_authorization_rule_id": "",
            "eventhub_name": "",
            "id": "/subscriptions/82f6d75e-85f4-434a-ab74-5dddd9fa8910/resourceGroups/rg-esp-spoke-aks-infra/providers/Microsoft.Network/networkSecurityGroups/vnet-spoke-aks-subnet-nodes-poolappsarm-nsg-westeurope|diagnostic-settings",
            "log": [
              {
                "category": "NetworkSecurityGroupEvent",
                "category_group": "",
                "enabled": true,
                "retention_policy": [
                  {
                    "days": 7,
                    "enabled": true
                  }
                ]
              },
              {
                "category": "NetworkSecurityGroupRuleCounter",
                "category_group": "",
                "enabled": true,
                "retention_policy": [
                  {
                    "days": 7,
                    "enabled": true
                  }
                ]
              }
            ],
            "log_analytics_destination_type": "",
            "log_analytics_workspace_id": "/subscriptions/82f6d75e-85f4-434a-ab74-5dddd9fa8910/resourceGroups/rg-esp-management/providers/Microsoft.OperationalInsights/workspaces/loganalyticsforaks011",
            "metric": [],
            "name": "diagnostic-settings",
            "partner_solution_id": null,
            "storage_account_id": null,
            "target_resource_id": "/subscriptions/82f6d75e-85f4-434a-ab74-5dddd9fa8910/resourceGroups/rg-esp-spoke-aks-infra/providers/Microsoft.Network/networkSecurityGroups/vnet-spoke-aks-subnet-nodes-poolappsarm-nsg-westeurope",
            "timeouts": null
          },
          "sensitive_attributes": [],
          "private": "eyJlMmJmYjczMC1lY2FhLTExZTYtOGY4OC0zNDM2M2JjN2M0YzAiOnsiY3JlYXRlIjoxODAwMDAwMDAwMDAwLCJkZWxldGUiOjM2MDAwMDAwMDAwMDAsInJlYWQiOjMwMDAwMDAwMDAwMCwidXBkYXRlIjoxODAwMDAwMDAwMDAwfX0=",
          "dependencies": [
            "data.azurerm_resources.resources_ds",
            "data.terraform_remote_state.management",
            "module.diagnostic_setting.data.azurerm_monitor_diagnostic_categories.categories"
          ]
        }
      ]
    },
    {
      "module": "module.diagnostic_setting[\"/subscriptions/82f6d75e-85f4-434a-ab74-5dddd9fa8910/resourceGroups/rg-esp-spoke-aks-infra/providers/Microsoft.Network/networkSecurityGroups/vnet-spoke-aks-subnet-pods-nsg-westeurope\"]",
      "mode": "data",
      "type": "azurerm_monitor_diagnostic_categories",
      "name": "categories",
      "provider": "provider[\"registry.terraform.io/hashicorp/azurerm\"]",
      "instances": [
        {
          "schema_version": 0,
          "attributes": {
            "id": "/subscriptions/82f6d75e-85f4-434a-ab74-5dddd9fa8910/resourceGroups/rg-esp-spoke-aks-infra/providers/Microsoft.Network/networkSecurityGroups/vnet-spoke-aks-subnet-pods-nsg-westeurope",
            "log_category_groups": [
              "allLogs"
            ],
            "log_category_types": [
              "NetworkSecurityGroupEvent",
              "NetworkSecurityGroupRuleCounter"
            ],
            "logs": [
              "NetworkSecurityGroupEvent",
              "NetworkSecurityGroupRuleCounter"
            ],
            "metrics": [],
            "resource_id": "/subscriptions/82f6d75e-85f4-434a-ab74-5dddd9fa8910/resourceGroups/rg-esp-spoke-aks-infra/providers/Microsoft.Network/networkSecurityGroups/vnet-spoke-aks-subnet-pods-nsg-westeurope",
            "timeouts": null
          },
          "sensitive_attributes": []
        }
      ]
    },
    {
      "module": "module.diagnostic_setting[\"/subscriptions/82f6d75e-85f4-434a-ab74-5dddd9fa8910/resourceGroups/rg-esp-spoke-aks-infra/providers/Microsoft.Network/networkSecurityGroups/vnet-spoke-aks-subnet-pods-nsg-westeurope\"]",
      "mode": "managed",
      "type": "azurerm_monitor_diagnostic_setting",
      "name": "diagnostic_settings",
      "provider": "provider[\"registry.terraform.io/hashicorp/azurerm\"]",
      "instances": [
        {
          "schema_version": 0,
          "attributes": {
            "enabled_log": [
              {
                "category": "NetworkSecurityGroupEvent",
                "category_group": "",
                "retention_policy": [
                  {
                    "days": 7,
                    "enabled": true
                  }
                ]
              },
              {
                "category": "NetworkSecurityGroupRuleCounter",
                "category_group": "",
                "retention_policy": [
                  {
                    "days": 7,
                    "enabled": true
                  }
                ]
              }
            ],
            "eventhub_authorization_rule_id": "",
            "eventhub_name": "",
            "id": "/subscriptions/82f6d75e-85f4-434a-ab74-5dddd9fa8910/resourceGroups/rg-esp-spoke-aks-infra/providers/Microsoft.Network/networkSecurityGroups/vnet-spoke-aks-subnet-pods-nsg-westeurope|diagnostic-settings",
            "log": [
              {
                "category": "NetworkSecurityGroupEvent",
                "category_group": "",
                "enabled": true,
                "retention_policy": [
                  {
                    "days": 7,
                    "enabled": true
                  }
                ]
              },
              {
                "category": "NetworkSecurityGroupRuleCounter",
                "category_group": "",
                "enabled": true,
                "retention_policy": [
                  {
                    "days": 7,
                    "enabled": true
                  }
                ]
              }
            ],
            "log_analytics_destination_type": "",
            "log_analytics_workspace_id": "/subscriptions/82f6d75e-85f4-434a-ab74-5dddd9fa8910/resourceGroups/rg-esp-management/providers/Microsoft.OperationalInsights/workspaces/loganalyticsforaks011",
            "metric": [],
            "name": "diagnostic-settings",
            "partner_solution_id": null,
            "storage_account_id": null,
            "target_resource_id": "/subscriptions/82f6d75e-85f4-434a-ab74-5dddd9fa8910/resourceGroups/rg-esp-spoke-aks-infra/providers/Microsoft.Network/networkSecurityGroups/vnet-spoke-aks-subnet-pods-nsg-westeurope",
            "timeouts": null
          },
          "sensitive_attributes": [],
          "private": "eyJlMmJmYjczMC1lY2FhLTExZTYtOGY4OC0zNDM2M2JjN2M0YzAiOnsiY3JlYXRlIjoxODAwMDAwMDAwMDAwLCJkZWxldGUiOjM2MDAwMDAwMDAwMDAsInJlYWQiOjMwMDAwMDAwMDAwMCwidXBkYXRlIjoxODAwMDAwMDAwMDAwfX0=",
          "dependencies": [
            "data.azurerm_resources.resources_ds",
            "data.terraform_remote_state.management",
            "module.diagnostic_setting.data.azurerm_monitor_diagnostic_categories.categories"
          ]
        }
      ]
    },
    {
      "module": "module.diagnostic_setting[\"/subscriptions/82f6d75e-85f4-434a-ab74-5dddd9fa8910/resourceGroups/rg-esp-spoke-aks-infra/providers/Microsoft.Network/networkSecurityGroups/vnet-spoke-aks-subnet-pods-poolappsarm-nsg-westeurope\"]",
      "mode": "data",
      "type": "azurerm_monitor_diagnostic_categories",
      "name": "categories",
      "provider": "provider[\"registry.terraform.io/hashicorp/azurerm\"]",
      "instances": [
        {
          "schema_version": 0,
          "attributes": {
            "id": "/subscriptions/82f6d75e-85f4-434a-ab74-5dddd9fa8910/resourceGroups/rg-esp-spoke-aks-infra/providers/Microsoft.Network/networkSecurityGroups/vnet-spoke-aks-subnet-pods-poolappsarm-nsg-westeurope",
            "log_category_groups": [
              "allLogs"
            ],
            "log_category_types": [
              "NetworkSecurityGroupEvent",
              "NetworkSecurityGroupRuleCounter"
            ],
            "logs": [
              "NetworkSecurityGroupEvent",
              "NetworkSecurityGroupRuleCounter"
            ],
            "metrics": [],
            "resource_id": "/subscriptions/82f6d75e-85f4-434a-ab74-5dddd9fa8910/resourceGroups/rg-esp-spoke-aks-infra/providers/Microsoft.Network/networkSecurityGroups/vnet-spoke-aks-subnet-pods-poolappsarm-nsg-westeurope",
            "timeouts": null
          },
          "sensitive_attributes": []
        }
      ]
    },
    {
      "module": "module.diagnostic_setting[\"/subscriptions/82f6d75e-85f4-434a-ab74-5dddd9fa8910/resourceGroups/rg-esp-spoke-aks-infra/providers/Microsoft.Network/networkSecurityGroups/vnet-spoke-aks-subnet-pods-poolappsarm-nsg-westeurope\"]",
      "mode": "managed",
      "type": "azurerm_monitor_diagnostic_setting",
      "name": "diagnostic_settings",
      "provider": "provider[\"registry.terraform.io/hashicorp/azurerm\"]",
      "instances": [
        {
          "schema_version": 0,
          "attributes": {
            "enabled_log": [
              {
                "category": "NetworkSecurityGroupEvent",
                "category_group": "",
                "retention_policy": [
                  {
                    "days": 7,
                    "enabled": true
                  }
                ]
              },
              {
                "category": "NetworkSecurityGroupRuleCounter",
                "category_group": "",
                "retention_policy": [
                  {
                    "days": 7,
                    "enabled": true
                  }
                ]
              }
            ],
            "eventhub_authorization_rule_id": "",
            "eventhub_name": "",
            "id": "/subscriptions/82f6d75e-85f4-434a-ab74-5dddd9fa8910/resourceGroups/rg-esp-spoke-aks-infra/providers/Microsoft.Network/networkSecurityGroups/vnet-spoke-aks-subnet-pods-poolappsarm-nsg-westeurope|diagnostic-settings",
            "log": [
              {
                "category": "NetworkSecurityGroupEvent",
                "category_group": "",
                "enabled": true,
                "retention_policy": [
                  {
                    "days": 7,
                    "enabled": true
                  }
                ]
              },
              {
                "category": "NetworkSecurityGroupRuleCounter",
                "category_group": "",
                "enabled": true,
                "retention_policy": [
                  {
                    "days": 7,
                    "enabled": true
                  }
                ]
              }
            ],
            "log_analytics_destination_type": "",
            "log_analytics_workspace_id": "/subscriptions/82f6d75e-85f4-434a-ab74-5dddd9fa8910/resourceGroups/rg-esp-management/providers/Microsoft.OperationalInsights/workspaces/loganalyticsforaks011",
            "metric": [],
            "name": "diagnostic-settings",
            "partner_solution_id": null,
            "storage_account_id": null,
            "target_resource_id": "/subscriptions/82f6d75e-85f4-434a-ab74-5dddd9fa8910/resourceGroups/rg-esp-spoke-aks-infra/providers/Microsoft.Network/networkSecurityGroups/vnet-spoke-aks-subnet-pods-poolappsarm-nsg-westeurope",
            "timeouts": null
          },
          "sensitive_attributes": [],
          "private": "eyJlMmJmYjczMC1lY2FhLTExZTYtOGY4OC0zNDM2M2JjN2M0YzAiOnsiY3JlYXRlIjoxODAwMDAwMDAwMDAwLCJkZWxldGUiOjM2MDAwMDAwMDAwMDAsInJlYWQiOjMwMDAwMDAwMDAwMCwidXBkYXRlIjoxODAwMDAwMDAwMDAwfX0=",
          "dependencies": [
            "data.azurerm_resources.resources_ds",
            "data.terraform_remote_state.management",
            "module.diagnostic_setting.data.azurerm_monitor_diagnostic_categories.categories"
          ]
        }
      ]
    },
    {
      "module": "module.diagnostic_setting[\"/subscriptions/82f6d75e-85f4-434a-ab74-5dddd9fa8910/resourceGroups/rg-esp-spoke-aks-infra/providers/Microsoft.Network/networkSecurityGroups/vnet-spoke-aks-subnet-spoke-aks-pe-nsg-westeurope\"]",
      "mode": "data",
      "type": "azurerm_monitor_diagnostic_categories",
      "name": "categories",
      "provider": "provider[\"registry.terraform.io/hashicorp/azurerm\"]",
      "instances": [
        {
          "schema_version": 0,
          "attributes": {
            "id": "/subscriptions/82f6d75e-85f4-434a-ab74-5dddd9fa8910/resourceGroups/rg-esp-spoke-aks-infra/providers/Microsoft.Network/networkSecurityGroups/vnet-spoke-aks-subnet-spoke-aks-pe-nsg-westeurope",
            "log_category_groups": [
              "allLogs"
            ],
            "log_category_types": [
              "NetworkSecurityGroupEvent",
              "NetworkSecurityGroupRuleCounter"
            ],
            "logs": [
              "NetworkSecurityGroupEvent",
              "NetworkSecurityGroupRuleCounter"
            ],
            "metrics": [],
            "resource_id": "/subscriptions/82f6d75e-85f4-434a-ab74-5dddd9fa8910/resourceGroups/rg-esp-spoke-aks-infra/providers/Microsoft.Network/networkSecurityGroups/vnet-spoke-aks-subnet-spoke-aks-pe-nsg-westeurope",
            "timeouts": null
          },
          "sensitive_attributes": []
        }
      ]
    },
    {
      "module": "module.diagnostic_setting[\"/subscriptions/82f6d75e-85f4-434a-ab74-5dddd9fa8910/resourceGroups/rg-esp-spoke-aks-infra/providers/Microsoft.Network/networkSecurityGroups/vnet-spoke-aks-subnet-spoke-aks-pe-nsg-westeurope\"]",
      "mode": "managed",
      "type": "azurerm_monitor_diagnostic_setting",
      "name": "diagnostic_settings",
      "provider": "provider[\"registry.terraform.io/hashicorp/azurerm\"]",
      "instances": [
        {
          "schema_version": 0,
          "attributes": {
            "enabled_log": [
              {
                "category": "NetworkSecurityGroupEvent",
                "category_group": "",
                "retention_policy": [
                  {
                    "days": 7,
                    "enabled": true
                  }
                ]
              },
              {
                "category": "NetworkSecurityGroupRuleCounter",
                "category_group": "",
                "retention_policy": [
                  {
                    "days": 7,
                    "enabled": true
                  }
                ]
              }
            ],
            "eventhub_authorization_rule_id": "",
            "eventhub_name": "",
            "id": "/subscriptions/82f6d75e-85f4-434a-ab74-5dddd9fa8910/resourceGroups/rg-esp-spoke-aks-infra/providers/Microsoft.Network/networkSecurityGroups/vnet-spoke-aks-subnet-spoke-aks-pe-nsg-westeurope|diagnostic-settings",
            "log": [
              {
                "category": "NetworkSecurityGroupEvent",
                "category_group": "",
                "enabled": true,
                "retention_policy": [
                  {
                    "days": 7,
                    "enabled": true
                  }
                ]
              },
              {
                "category": "NetworkSecurityGroupRuleCounter",
                "category_group": "",
                "enabled": true,
                "retention_policy": [
                  {
                    "days": 7,
                    "enabled": true
                  }
                ]
              }
            ],
            "log_analytics_destination_type": "",
            "log_analytics_workspace_id": "/subscriptions/82f6d75e-85f4-434a-ab74-5dddd9fa8910/resourceGroups/rg-esp-management/providers/Microsoft.OperationalInsights/workspaces/loganalyticsforaks011",
            "metric": [],
            "name": "diagnostic-settings",
            "partner_solution_id": null,
            "storage_account_id": null,
            "target_resource_id": "/subscriptions/82f6d75e-85f4-434a-ab74-5dddd9fa8910/resourceGroups/rg-esp-spoke-aks-infra/providers/Microsoft.Network/networkSecurityGroups/vnet-spoke-aks-subnet-spoke-aks-pe-nsg-westeurope",
            "timeouts": null
          },
          "sensitive_attributes": [],
          "private": "eyJlMmJmYjczMC1lY2FhLTExZTYtOGY4OC0zNDM2M2JjN2M0YzAiOnsiY3JlYXRlIjoxODAwMDAwMDAwMDAwLCJkZWxldGUiOjM2MDAwMDAwMDAwMDAsInJlYWQiOjMwMDAwMDAwMDAwMCwidXBkYXRlIjoxODAwMDAwMDAwMDAwfX0=",
          "dependencies": [
            "data.azurerm_resources.resources_ds",
            "data.terraform_remote_state.management",
            "module.diagnostic_setting.data.azurerm_monitor_diagnostic_categories.categories"
          ]
        }
      ]
    },
    {
      "module": "module.diagnostic_setting[\"/subscriptions/82f6d75e-85f4-434a-ab74-5dddd9fa8910/resourceGroups/rg-esp-spoke-aks-infra/providers/Microsoft.Network/publicIPAddresses/public-ip-appgw\"]",
      "mode": "data",
      "type": "azurerm_monitor_diagnostic_categories",
      "name": "categories",
      "provider": "provider[\"registry.terraform.io/hashicorp/azurerm\"]",
      "instances": [
        {
          "schema_version": 0,
          "attributes": {
            "id": "/subscriptions/82f6d75e-85f4-434a-ab74-5dddd9fa8910/resourceGroups/rg-esp-spoke-aks-infra/providers/Microsoft.Network/publicIPAddresses/public-ip-appgw",
            "log_category_groups": [
              "allLogs",
              "audit"
            ],
            "log_category_types": [
              "DDoSMitigationFlowLogs",
              "DDoSMitigationReports",
              "DDoSProtectionNotifications"
            ],
            "logs": [
              "DDoSMitigationFlowLogs",
              "DDoSMitigationReports",
              "DDoSProtectionNotifications"
            ],
            "metrics": [
              "AllMetrics"
            ],
            "resource_id": "/subscriptions/82f6d75e-85f4-434a-ab74-5dddd9fa8910/resourceGroups/rg-esp-spoke-aks-infra/providers/Microsoft.Network/publicIPAddresses/public-ip-appgw",
            "timeouts": null
          },
          "sensitive_attributes": []
        }
      ]
    },
    {
      "module": "module.diagnostic_setting[\"/subscriptions/82f6d75e-85f4-434a-ab74-5dddd9fa8910/resourceGroups/rg-esp-spoke-aks-infra/providers/Microsoft.Network/publicIPAddresses/public-ip-appgw\"]",
      "mode": "managed",
      "type": "azurerm_monitor_diagnostic_setting",
      "name": "diagnostic_settings",
      "provider": "provider[\"registry.terraform.io/hashicorp/azurerm\"]",
      "instances": [
        {
          "schema_version": 0,
          "attributes": {
            "enabled_log": [
              {
                "category": "DDoSMitigationFlowLogs",
                "category_group": "",
                "retention_policy": [
                  {
                    "days": 7,
                    "enabled": true
                  }
                ]
              },
              {
                "category": "DDoSMitigationReports",
                "category_group": "",
                "retention_policy": [
                  {
                    "days": 7,
                    "enabled": true
                  }
                ]
              },
              {
                "category": "DDoSProtectionNotifications",
                "category_group": "",
                "retention_policy": [
                  {
                    "days": 7,
                    "enabled": true
                  }
                ]
              }
            ],
            "eventhub_authorization_rule_id": "",
            "eventhub_name": "",
            "id": "/subscriptions/82f6d75e-85f4-434a-ab74-5dddd9fa8910/resourceGroups/rg-esp-spoke-aks-infra/providers/Microsoft.Network/publicIPAddresses/public-ip-appgw|diagnostic-settings",
            "log": [
              {
                "category": "DDoSMitigationFlowLogs",
                "category_group": "",
                "enabled": true,
                "retention_policy": [
                  {
                    "days": 7,
                    "enabled": true
                  }
                ]
              },
              {
                "category": "DDoSMitigationReports",
                "category_group": "",
                "enabled": true,
                "retention_policy": [
                  {
                    "days": 7,
                    "enabled": true
                  }
                ]
              },
              {
                "category": "DDoSProtectionNotifications",
                "category_group": "",
                "enabled": true,
                "retention_policy": [
                  {
                    "days": 7,
                    "enabled": true
                  }
                ]
              }
            ],
            "log_analytics_destination_type": "",
            "log_analytics_workspace_id": "/subscriptions/82f6d75e-85f4-434a-ab74-5dddd9fa8910/resourceGroups/rg-esp-management/providers/Microsoft.OperationalInsights/workspaces/loganalyticsforaks011",
            "metric": [
              {
                "category": "AllMetrics",
                "enabled": true,
                "retention_policy": [
                  {
                    "days": 7,
                    "enabled": true
                  }
                ]
              }
            ],
            "name": "diagnostic-settings",
            "partner_solution_id": null,
            "storage_account_id": null,
            "target_resource_id": "/subscriptions/82f6d75e-85f4-434a-ab74-5dddd9fa8910/resourceGroups/rg-esp-spoke-aks-infra/providers/Microsoft.Network/publicIPAddresses/public-ip-appgw",
            "timeouts": null
          },
          "sensitive_attributes": [],
          "private": "eyJlMmJmYjczMC1lY2FhLTExZTYtOGY4OC0zNDM2M2JjN2M0YzAiOnsiY3JlYXRlIjoxODAwMDAwMDAwMDAwLCJkZWxldGUiOjM2MDAwMDAwMDAwMDAsInJlYWQiOjMwMDAwMDAwMDAwMCwidXBkYXRlIjoxODAwMDAwMDAwMDAwfX0=",
          "dependencies": [
            "data.azurerm_resources.resources_ds",
            "data.terraform_remote_state.management",
            "module.diagnostic_setting.data.azurerm_monitor_diagnostic_categories.categories"
          ]
        }
      ]
    },
    {
      "module": "module.diagnostic_setting[\"/subscriptions/82f6d75e-85f4-434a-ab74-5dddd9fa8910/resourceGroups/rg-esp-spoke-aks-infra/providers/Microsoft.Network/virtualNetworks/vnet-spoke-aks\"]",
      "mode": "data",
      "type": "azurerm_monitor_diagnostic_categories",
      "name": "categories",
      "provider": "provider[\"registry.terraform.io/hashicorp/azurerm\"]",
      "instances": [
        {
          "schema_version": 0,
          "attributes": {
            "id": "/subscriptions/82f6d75e-85f4-434a-ab74-5dddd9fa8910/resourceGroups/rg-esp-spoke-aks-infra/providers/Microsoft.Network/virtualNetworks/vnet-spoke-aks",
            "log_category_groups": [
              "allLogs"
            ],
            "log_category_types": [
              "VMProtectionAlerts"
            ],
            "logs": [
              "VMProtectionAlerts"
            ],
            "metrics": [
              "AllMetrics"
            ],
            "resource_id": "/subscriptions/82f6d75e-85f4-434a-ab74-5dddd9fa8910/resourceGroups/rg-esp-spoke-aks-infra/providers/Microsoft.Network/virtualNetworks/vnet-spoke-aks",
            "timeouts": null
          },
          "sensitive_attributes": []
        }
      ]
    },
    {
      "module": "module.diagnostic_setting[\"/subscriptions/82f6d75e-85f4-434a-ab74-5dddd9fa8910/resourceGroups/rg-esp-spoke-aks-infra/providers/Microsoft.Network/virtualNetworks/vnet-spoke-aks\"]",
      "mode": "managed",
      "type": "azurerm_monitor_diagnostic_setting",
      "name": "diagnostic_settings",
      "provider": "provider[\"registry.terraform.io/hashicorp/azurerm\"]",
      "instances": [
        {
          "schema_version": 0,
          "attributes": {
            "enabled_log": [
              {
                "category": "VMProtectionAlerts",
                "category_group": "",
                "retention_policy": [
                  {
                    "days": 7,
                    "enabled": true
                  }
                ]
              }
            ],
            "eventhub_authorization_rule_id": "",
            "eventhub_name": "",
            "id": "/subscriptions/82f6d75e-85f4-434a-ab74-5dddd9fa8910/resourceGroups/rg-esp-spoke-aks-infra/providers/Microsoft.Network/virtualNetworks/vnet-spoke-aks|diagnostic-settings",
            "log": [
              {
                "category": "VMProtectionAlerts",
                "category_group": "",
                "enabled": true,
                "retention_policy": [
                  {
                    "days": 7,
                    "enabled": true
                  }
                ]
              }
            ],
            "log_analytics_destination_type": "",
            "log_analytics_workspace_id": "/subscriptions/82f6d75e-85f4-434a-ab74-5dddd9fa8910/resourceGroups/rg-esp-management/providers/Microsoft.OperationalInsights/workspaces/loganalyticsforaks011",
            "metric": [
              {
                "category": "AllMetrics",
                "enabled": true,
                "retention_policy": [
                  {
                    "days": 7,
                    "enabled": true
                  }
                ]
              }
            ],
            "name": "diagnostic-settings",
            "partner_solution_id": null,
            "storage_account_id": null,
            "target_resource_id": "/subscriptions/82f6d75e-85f4-434a-ab74-5dddd9fa8910/resourceGroups/rg-esp-spoke-aks-infra/providers/Microsoft.Network/virtualNetworks/vnet-spoke-aks",
            "timeouts": null
          },
          "sensitive_attributes": [],
          "private": "eyJlMmJmYjczMC1lY2FhLTExZTYtOGY4OC0zNDM2M2JjN2M0YzAiOnsiY3JlYXRlIjoxODAwMDAwMDAwMDAwLCJkZWxldGUiOjM2MDAwMDAwMDAwMDAsInJlYWQiOjMwMDAwMDAwMDAwMCwidXBkYXRlIjoxODAwMDAwMDAwMDAwfX0=",
          "dependencies": [
            "data.azurerm_resources.resources_ds",
            "data.terraform_remote_state.management",
            "module.diagnostic_setting.data.azurerm_monitor_diagnostic_categories.categories"
          ]
        }
      ]
    },
    {
      "module": "module.diagnostic_setting[\"/subscriptions/82f6d75e-85f4-434a-ab74-5dddd9fa8910/resourceGroups/rg-esp-spoke-aks-infra/providers/Microsoft.Storage/storageAccounts/storageforaks01357\"]",
      "mode": "data",
      "type": "azurerm_monitor_diagnostic_categories",
      "name": "categories",
      "provider": "provider[\"registry.terraform.io/hashicorp/azurerm\"]",
      "instances": [
        {
          "schema_version": 0,
          "attributes": {
            "id": "/subscriptions/82f6d75e-85f4-434a-ab74-5dddd9fa8910/resourceGroups/rg-esp-spoke-aks-infra/providers/Microsoft.Storage/storageAccounts/storageforaks01357",
            "log_category_groups": [],
            "log_category_types": [],
            "logs": [],
            "metrics": [
              "Capacity",
              "Transaction"
            ],
            "resource_id": "/subscriptions/82f6d75e-85f4-434a-ab74-5dddd9fa8910/resourceGroups/rg-esp-spoke-aks-infra/providers/Microsoft.Storage/storageAccounts/storageforaks01357",
            "timeouts": null
          },
          "sensitive_attributes": []
        }
      ]
    },
    {
      "module": "module.diagnostic_setting[\"/subscriptions/82f6d75e-85f4-434a-ab74-5dddd9fa8910/resourceGroups/rg-esp-spoke-aks-infra/providers/Microsoft.Storage/storageAccounts/storageforaks01357\"]",
      "mode": "managed",
      "type": "azurerm_monitor_diagnostic_setting",
      "name": "diagnostic_settings",
      "provider": "provider[\"registry.terraform.io/hashicorp/azurerm\"]",
      "instances": [
        {
          "schema_version": 0,
          "attributes": {
            "enabled_log": [],
            "eventhub_authorization_rule_id": "",
            "eventhub_name": "",
            "id": "/subscriptions/82f6d75e-85f4-434a-ab74-5dddd9fa8910/resourceGroups/rg-esp-spoke-aks-infra/providers/Microsoft.Storage/storageAccounts/storageforaks01357|diagnostic-settings",
            "log": [],
            "log_analytics_destination_type": "",
            "log_analytics_workspace_id": "/subscriptions/82f6d75e-85f4-434a-ab74-5dddd9fa8910/resourceGroups/rg-esp-management/providers/Microsoft.OperationalInsights/workspaces/loganalyticsforaks011",
            "metric": [
              {
                "category": "Capacity",
                "enabled": true,
                "retention_policy": [
                  {
                    "days": 7,
                    "enabled": true
                  }
                ]
              },
              {
                "category": "Transaction",
                "enabled": true,
                "retention_policy": [
                  {
                    "days": 7,
                    "enabled": true
                  }
                ]
              }
            ],
            "name": "diagnostic-settings",
            "partner_solution_id": null,
            "storage_account_id": null,
            "target_resource_id": "/subscriptions/82f6d75e-85f4-434a-ab74-5dddd9fa8910/resourceGroups/rg-esp-spoke-aks-infra/providers/Microsoft.Storage/storageAccounts/storageforaks01357",
            "timeouts": null
          },
          "sensitive_attributes": [],
          "private": "eyJlMmJmYjczMC1lY2FhLTExZTYtOGY4OC0zNDM2M2JjN2M0YzAiOnsiY3JlYXRlIjoxODAwMDAwMDAwMDAwLCJkZWxldGUiOjM2MDAwMDAwMDAwMDAsInJlYWQiOjMwMDAwMDAwMDAwMCwidXBkYXRlIjoxODAwMDAwMDAwMDAwfX0=",
          "dependencies": [
            "data.azurerm_resources.resources_ds",
            "data.terraform_remote_state.management",
            "module.diagnostic_setting.data.azurerm_monitor_diagnostic_categories.categories"
          ]
        }
      ]
    },
    {
      "module": "module.diagnostic_setting[\"/subscriptions/82f6d75e-85f4-434a-ab74-5dddd9fa8910/resourceGroups/rg-esp-spoke-aks-nodes/providers/Microsoft.Network/loadBalancers/kube-apiserver\"]",
      "mode": "data",
      "type": "azurerm_monitor_diagnostic_categories",
      "name": "categories",
      "provider": "provider[\"registry.terraform.io/hashicorp/azurerm\"]",
      "instances": [
        {
          "schema_version": 0,
          "attributes": {
            "id": "/subscriptions/82f6d75e-85f4-434a-ab74-5dddd9fa8910/resourceGroups/rg-esp-spoke-aks-nodes/providers/Microsoft.Network/loadBalancers/kube-apiserver",
            "log_category_groups": [
              "allLogs"
            ],
            "log_category_types": [
              "LoadBalancerAlertEvent",
              "LoadBalancerProbeHealthStatus"
            ],
            "logs": [
              "LoadBalancerAlertEvent",
              "LoadBalancerProbeHealthStatus"
            ],
            "metrics": [
              "AllMetrics"
            ],
            "resource_id": "/subscriptions/82f6d75e-85f4-434a-ab74-5dddd9fa8910/resourceGroups/rg-esp-spoke-aks-nodes/providers/Microsoft.Network/loadBalancers/kube-apiserver",
            "timeouts": null
          },
          "sensitive_attributes": []
        }
      ]
    },
    {
      "module": "module.diagnostic_setting[\"/subscriptions/82f6d75e-85f4-434a-ab74-5dddd9fa8910/resourceGroups/rg-esp-spoke-aks-nodes/providers/Microsoft.Network/loadBalancers/kube-apiserver\"]",
      "mode": "managed",
      "type": "azurerm_monitor_diagnostic_setting",
      "name": "diagnostic_settings",
      "provider": "provider[\"registry.terraform.io/hashicorp/azurerm\"]",
      "instances": [
        {
          "schema_version": 0,
          "attributes": {
            "enabled_log": [
              {
                "category": "LoadBalancerAlertEvent",
                "category_group": "",
                "retention_policy": [
                  {
                    "days": 7,
                    "enabled": true
                  }
                ]
              },
              {
                "category": "LoadBalancerProbeHealthStatus",
                "category_group": "",
                "retention_policy": [
                  {
                    "days": 7,
                    "enabled": true
                  }
                ]
              }
            ],
            "eventhub_authorization_rule_id": "",
            "eventhub_name": "",
            "id": "/subscriptions/82f6d75e-85f4-434a-ab74-5dddd9fa8910/resourceGroups/rg-esp-spoke-aks-nodes/providers/Microsoft.Network/loadBalancers/kube-apiserver|diagnostic-settings",
            "log": [
              {
                "category": "LoadBalancerAlertEvent",
                "category_group": "",
                "enabled": true,
                "retention_policy": [
                  {
                    "days": 7,
                    "enabled": true
                  }
                ]
              },
              {
                "category": "LoadBalancerProbeHealthStatus",
                "category_group": "",
                "enabled": true,
                "retention_policy": [
                  {
                    "days": 7,
                    "enabled": true
                  }
                ]
              }
            ],
            "log_analytics_destination_type": "",
            "log_analytics_workspace_id": "/subscriptions/82f6d75e-85f4-434a-ab74-5dddd9fa8910/resourceGroups/rg-esp-management/providers/Microsoft.OperationalInsights/workspaces/loganalyticsforaks011",
            "metric": [
              {
                "category": "AllMetrics",
                "enabled": true,
                "retention_policy": [
                  {
                    "days": 7,
                    "enabled": true
                  }
                ]
              }
            ],
            "name": "diagnostic-settings",
            "partner_solution_id": null,
            "storage_account_id": null,
            "target_resource_id": "/subscriptions/82f6d75e-85f4-434a-ab74-5dddd9fa8910/resourceGroups/rg-esp-spoke-aks-nodes/providers/Microsoft.Network/loadBalancers/kube-apiserver",
            "timeouts": null
          },
          "sensitive_attributes": [],
          "private": "eyJlMmJmYjczMC1lY2FhLTExZTYtOGY4OC0zNDM2M2JjN2M0YzAiOnsiY3JlYXRlIjoxODAwMDAwMDAwMDAwLCJkZWxldGUiOjM2MDAwMDAwMDAwMDAsInJlYWQiOjMwMDAwMDAwMDAwMCwidXBkYXRlIjoxODAwMDAwMDAwMDAwfX0=",
          "dependencies": [
            "data.azurerm_resources.resources_ds",
            "data.terraform_remote_state.management",
            "module.diagnostic_setting.data.azurerm_monitor_diagnostic_categories.categories"
          ]
        }
      ]
    },
    {
      "module": "module.diagnostic_setting[\"/subscriptions/82f6d75e-85f4-434a-ab74-5dddd9fa8910/resourceGroups/rg-esp-spoke-aks-nodes/providers/Microsoft.Network/networkSecurityGroups/aks-agentpool-35064155-nsg\"]",
      "mode": "data",
      "type": "azurerm_monitor_diagnostic_categories",
      "name": "categories",
      "provider": "provider[\"registry.terraform.io/hashicorp/azurerm\"]",
      "instances": [
        {
          "schema_version": 0,
          "attributes": {
            "id": "/subscriptions/82f6d75e-85f4-434a-ab74-5dddd9fa8910/resourceGroups/rg-esp-spoke-aks-nodes/providers/Microsoft.Network/networkSecurityGroups/aks-agentpool-35064155-nsg",
            "log_category_groups": [
              "allLogs"
            ],
            "log_category_types": [
              "NetworkSecurityGroupEvent",
              "NetworkSecurityGroupRuleCounter"
            ],
            "logs": [
              "NetworkSecurityGroupEvent",
              "NetworkSecurityGroupRuleCounter"
            ],
            "metrics": [],
            "resource_id": "/subscriptions/82f6d75e-85f4-434a-ab74-5dddd9fa8910/resourceGroups/rg-esp-spoke-aks-nodes/providers/Microsoft.Network/networkSecurityGroups/aks-agentpool-35064155-nsg",
            "timeouts": null
          },
          "sensitive_attributes": []
        }
      ]
    },
    {
      "module": "module.diagnostic_setting[\"/subscriptions/82f6d75e-85f4-434a-ab74-5dddd9fa8910/resourceGroups/rg-esp-spoke-aks-nodes/providers/Microsoft.Network/networkSecurityGroups/aks-agentpool-35064155-nsg\"]",
      "mode": "managed",
      "type": "azurerm_monitor_diagnostic_setting",
      "name": "diagnostic_settings",
      "provider": "provider[\"registry.terraform.io/hashicorp/azurerm\"]",
      "instances": [
        {
          "schema_version": 0,
          "attributes": {
            "enabled_log": [
              {
                "category": "NetworkSecurityGroupEvent",
                "category_group": "",
                "retention_policy": [
                  {
                    "days": 7,
                    "enabled": true
                  }
                ]
              },
              {
                "category": "NetworkSecurityGroupRuleCounter",
                "category_group": "",
                "retention_policy": [
                  {
                    "days": 7,
                    "enabled": true
                  }
                ]
              }
            ],
            "eventhub_authorization_rule_id": "",
            "eventhub_name": "",
            "id": "/subscriptions/82f6d75e-85f4-434a-ab74-5dddd9fa8910/resourceGroups/rg-esp-spoke-aks-nodes/providers/Microsoft.Network/networkSecurityGroups/aks-agentpool-35064155-nsg|diagnostic-settings",
            "log": [
              {
                "category": "NetworkSecurityGroupEvent",
                "category_group": "",
                "enabled": true,
                "retention_policy": [
                  {
                    "days": 7,
                    "enabled": true
                  }
                ]
              },
              {
                "category": "NetworkSecurityGroupRuleCounter",
                "category_group": "",
                "enabled": true,
                "retention_policy": [
                  {
                    "days": 7,
                    "enabled": true
                  }
                ]
              }
            ],
            "log_analytics_destination_type": "",
            "log_analytics_workspace_id": "/subscriptions/82f6d75e-85f4-434a-ab74-5dddd9fa8910/resourceGroups/rg-esp-management/providers/Microsoft.OperationalInsights/workspaces/loganalyticsforaks011",
            "metric": [],
            "name": "diagnostic-settings",
            "partner_solution_id": null,
            "storage_account_id": null,
            "target_resource_id": "/subscriptions/82f6d75e-85f4-434a-ab74-5dddd9fa8910/resourceGroups/rg-esp-spoke-aks-nodes/providers/Microsoft.Network/networkSecurityGroups/aks-agentpool-35064155-nsg",
            "timeouts": null
          },
          "sensitive_attributes": [],
          "private": "eyJlMmJmYjczMC1lY2FhLTExZTYtOGY4OC0zNDM2M2JjN2M0YzAiOnsiY3JlYXRlIjoxODAwMDAwMDAwMDAwLCJkZWxldGUiOjM2MDAwMDAwMDAwMDAsInJlYWQiOjMwMDAwMDAwMDAwMCwidXBkYXRlIjoxODAwMDAwMDAwMDAwfX0=",
          "dependencies": [
            "data.azurerm_resources.resources_ds",
            "data.terraform_remote_state.management",
            "module.diagnostic_setting.data.azurerm_monitor_diagnostic_categories.categories"
          ]
        }
      ]
    }
  ],
  "check_results": null
}
