{
  "version": 4,
  "terraform_version": "1.3.9",
  "serial": 86,
  "lineage": "c1fc55c0-8891-a4f5-6e6b-ed1beca4b985",
  "outputs": {
    "latest_version": {
      "value": "1.26.0",
      "type": "string"
    }
  },
  "resources": [
    {
      "mode": "data",
      "type": "azuread_client_config",
      "name": "current",
      "provider": "provider[\"registry.terraform.io/hashicorp/azuread\"]",
      "instances": [
        {
          "schema_version": 0,
          "attributes": {
            "client_id": "04b07795-8ddb-461a-bbee-02f9e1bf7b46",
            "id": "16b3c013-d300-468d-ac64-7eda0820b6d3-04b07795-8ddb-461a-bbee-02f9e1bf7b46-99b281c9-823c-4633-af92-8ac556a19bee",
            "object_id": "99b281c9-823c-4633-af92-8ac556a19bee",
            "tenant_id": "16b3c013-d300-468d-ac64-7eda0820b6d3",
            "timeouts": null
          },
          "sensitive_attributes": []
        }
      ]
    },
    {
      "mode": "data",
      "type": "azuread_service_principal",
      "name": "aks_aad_server",
      "provider": "provider[\"registry.terraform.io/hashicorp/azuread\"]",
      "instances": [
        {
          "schema_version": 0,
          "attributes": {
            "account_enabled": true,
            "alternative_names": [],
            "app_role_assignment_required": false,
            "app_role_ids": {},
            "app_roles": [],
            "application_id": "6dae42f8-4368-4678-94ff-3960e28e3630",
            "application_tenant_id": "f8cdef31-a31e-4b4a-93e4-5f571e91255a",
            "description": "",
            "display_name": "Azure Kubernetes Service AAD Server",
            "feature_tags": [
              {
                "custom_single_sign_on": false,
                "enterprise": false,
                "gallery": false,
                "hide": false
              }
            ],
            "features": [
              {
                "custom_single_sign_on_app": false,
                "enterprise_application": false,
                "gallery_application": false,
                "visible_to_users": true
              }
            ],
            "homepage_url": "",
            "id": "87d6543d-05f4-4985-8f51-cfbe152ee0cc",
            "login_url": "",
            "logout_url": "",
            "notes": "",
            "notification_email_addresses": [],
            "oauth2_permission_scope_ids": {
              "user.read": "34a47c2f-cd0d-47b4-a93c-2c41130c671c"
            },
            "oauth2_permission_scopes": [
              {
                "admin_consent_description": "this allows to read user profile",
                "admin_consent_display_name": "user.read",
                "enabled": true,
                "id": "34a47c2f-cd0d-47b4-a93c-2c41130c671c",
                "type": "User",
                "user_consent_description": "this allows to read user profile",
                "user_consent_display_name": "user.read",
                "value": "user.read"
              }
            ],
            "object_id": "87d6543d-05f4-4985-8f51-cfbe152ee0cc",
            "preferred_single_sign_on_mode": "",
            "redirect_uris": [],
            "saml_metadata_url": "",
            "saml_single_sign_on": [],
            "service_principal_names": [
              "https://aks-aad-server.azure.com"
            ],
            "sign_in_audience": "AzureADMultipleOrgs",
            "tags": [],
            "timeouts": null,
            "type": "Application"
          },
          "sensitive_attributes": []
        }
      ]
    },
    {
      "mode": "data",
      "type": "azurerm_client_config",
      "name": "current",
      "provider": "provider[\"registry.terraform.io/hashicorp/azurerm\"]",
      "instances": [
        {
          "schema_version": 0,
          "attributes": {
            "client_id": "04b07795-8ddb-461a-bbee-02f9e1bf7b46",
            "id": "Y2xpZW50Q29uZmlncy9jbGllbnRJZD0wNGIwNzc5NS04ZGRiLTQ2MWEtYmJlZS0wMmY5ZTFiZjdiNDY7b2JqZWN0SWQ9OTliMjgxYzktODIzYy00NjMzLWFmOTItOGFjNTU2YTE5YmVlO3N1YnNjcmlwdGlvbklkPTgyZjZkNzVlLTg1ZjQtNDM0YS1hYjc0LTVkZGRkOWZhODkxMDt0ZW5hbnRJZD0xNmIzYzAxMy1kMzAwLTQ2OGQtYWM2NC03ZWRhMDgyMGI2ZDM=",
            "object_id": "99b281c9-823c-4633-af92-8ac556a19bee",
            "subscription_id": "82f6d75e-85f4-434a-ab74-5dddd9fa8910",
            "tenant_id": "16b3c013-d300-468d-ac64-7eda0820b6d3",
            "timeouts": null
          },
          "sensitive_attributes": []
        }
      ]
    },
    {
      "mode": "data",
      "type": "azurerm_kubernetes_service_versions",
      "name": "aks",
      "provider": "provider[\"registry.terraform.io/hashicorp/azurerm\"]",
      "instances": [
        {
          "schema_version": 0,
          "attributes": {
            "id": "/subscriptions/82f6d75e-85f4-434a-ab74-5dddd9fa8910/providers/Microsoft.ContainerService/locations/westeurope",
            "include_preview": true,
            "latest_version": "1.26.0",
            "location": "westeurope",
            "timeouts": null,
            "version_prefix": null,
            "versions": [
              "1.23.12",
              "1.23.15",
              "1.24.6",
              "1.24.9",
              "1.25.4",
              "1.25.5",
              "1.26.0"
            ]
          },
          "sensitive_attributes": []
        }
      ]
    },
    {
      "mode": "data",
      "type": "azurerm_subscription",
      "name": "subscription_spoke",
      "provider": "provider[\"registry.terraform.io/hashicorp/azurerm\"]",
      "instances": [
        {
          "schema_version": 0,
          "attributes": {
            "display_name": "Microsoft-Azure-NonProd",
            "id": "/subscriptions/82f6d75e-85f4-434a-ab74-5dddd9fa8910",
            "location_placement_id": "Internal_2014-09-01",
            "quota_id": "Internal_2014-09-01",
            "spending_limit": "Off",
            "state": "Enabled",
            "subscription_id": "82f6d75e-85f4-434a-ab74-5dddd9fa8910",
            "tags": {
              "tag1": "MCAPS-Hybrid-REQ-46246-2022-HoussemDellai",
              "tag2": "Hybrid"
            },
            "tenant_id": "16b3c013-d300-468d-ac64-7eda0820b6d3",
            "timeouts": null
          },
          "sensitive_attributes": []
        }
      ]
    },
    {
      "mode": "data",
      "type": "http",
      "name": "machine_ip",
      "provider": "provider[\"registry.terraform.io/hashicorp/http\"]",
      "instances": [
        {
          "schema_version": 0,
          "attributes": {
            "body": "176.177.25.47",
            "ca_cert_pem": null,
            "id": "http://ifconfig.me",
            "insecure": null,
            "method": null,
            "request_body": null,
            "request_headers": {
              "Accept": "application/json"
            },
            "response_body": "176.177.25.47",
            "response_headers": {
              "Access-Control-Allow-Origin": "*",
              "Content-Length": "13",
              "Content-Type": "text/plain; charset=utf-8",
              "Date": "Fri, 10 Mar 2023 07:13:21 GMT",
              "Server": "istio-envoy",
              "Strict-Transport-Security": "max-age=2592000; includeSubDomains",
              "Via": "1.1 google",
              "X-Envoy-Upstream-Service-Time": "0"
            },
            "status_code": 200,
            "url": "http://ifconfig.me"
          },
          "sensitive_attributes": []
        }
      ]
    },
    {
      "mode": "data",
      "type": "terraform_remote_state",
      "name": "spoke_aks",
      "provider": "provider[\"terraform.io/builtin/terraform\"]",
      "instances": [
        {
          "schema_version": 0,
          "attributes": {
            "backend": "local",
            "config": {
              "value": {
                "path": "../03_spoke_aks/terraform.tfstate"
              },
              "type": [
                "object",
                {
                  "path": "string"
                }
              ]
            },
            "defaults": null,
            "outputs": {
              "value": {
                "acr": {
                  "id": "/subscriptions/82f6d75e-85f4-434a-ab74-5dddd9fa8910/resourceGroups/rg-spoke-aks/providers/Microsoft.ContainerRegistry/registries/acrforakstf01357"
                },
                "application_gateway": {
                  "enabled": true,
                  "id": "/subscriptions/82f6d75e-85f4-434a-ab74-5dddd9fa8910/resourceGroups/rg-spoke-aks/providers/Microsoft.Network/applicationGateways/appgw-aks"
                },
                "grafana": {
                  "endpoint": "https://grafana-aks-011-g5ebg9bqdfaggsdm.weu.grafana.azure.com",
                  "id": "/subscriptions/82f6d75e-85f4-434a-ab74-5dddd9fa8910/resourceGroups/rg-spoke-aks/providers/Microsoft.Dashboard/grafana/grafana-aks-011"
                },
                "prometheus": {
                  "id": "/subscriptions/82f6d75e-85f4-434a-ab74-5dddd9fa8910/resourceGroups/rg-spoke-aks/providers/microsoft.monitor/accounts/monitor-workspace-aks"
                },
                "vnet_spoke_aks": {
                  "id": "/subscriptions/82f6d75e-85f4-434a-ab74-5dddd9fa8910/resourceGroups/rg-spoke-aks/providers/Microsoft.Network/virtualNetworks/vnet-spoke-aks",
                  "resource_group_name": "rg-spoke-aks",
                  "virtual_network_name": "vnet-spoke-aks"
                }
              },
              "type": [
                "object",
                {
                  "acr": [
                    "object",
                    {
                      "id": "string"
                    }
                  ],
                  "application_gateway": [
                    "object",
                    {
                      "enabled": "bool",
                      "id": "string"
                    }
                  ],
                  "grafana": [
                    "object",
                    {
                      "endpoint": "string",
                      "id": "string"
                    }
                  ],
                  "prometheus": [
                    "object",
                    {
                      "id": "string"
                    }
                  ],
                  "vnet_spoke_aks": [
                    "object",
                    {
                      "id": "string",
                      "resource_group_name": "string",
                      "virtual_network_name": "string"
                    }
                  ]
                }
              ]
            },
            "workspace": null
          },
          "sensitive_attributes": []
        }
      ]
    },
    {
      "mode": "managed",
      "type": "azurerm_kubernetes_cluster",
      "name": "aks",
      "provider": "provider[\"registry.terraform.io/hashicorp/azurerm\"]",
      "instances": [
        {
          "schema_version": 2,
          "attributes": {
            "aci_connector_linux": [],
            "api_server_access_profile": [
              {
                "authorized_ip_ranges": [
                  "0.0.0.0/0"
                ],
                "subnet_id": "/subscriptions/82f6d75e-85f4-434a-ab74-5dddd9fa8910/resourceGroups/rg-spoke-aks/providers/Microsoft.Network/virtualNetworks/vnet-spoke-aks/subnets/subnet-apiserver",
                "vnet_integration_enabled": true
              }
            ],
            "api_server_authorized_ip_ranges": [
              "0.0.0.0/0"
            ],
            "auto_scaler_profile": [
              {
                "balance_similar_node_groups": false,
                "empty_bulk_delete_max": "10",
                "expander": "random",
                "max_graceful_termination_sec": "600",
                "max_node_provisioning_time": "15m",
                "max_unready_nodes": 3,
                "max_unready_percentage": 45,
                "new_pod_scale_up_delay": "10s",
                "scale_down_delay_after_add": "10m",
                "scale_down_delay_after_delete": "10s",
                "scale_down_delay_after_failure": "3m",
                "scale_down_unneeded": "10m",
                "scale_down_unready": "20m",
                "scale_down_utilization_threshold": "0.5",
                "scan_interval": "10s",
                "skip_nodes_with_local_storage": true,
                "skip_nodes_with_system_pods": true
              }
            ],
            "automatic_channel_upgrade": "node-image",
            "azure_active_directory_role_based_access_control": [
              {
                "admin_group_object_ids": null,
                "azure_rbac_enabled": true,
                "client_app_id": "",
                "managed": true,
                "server_app_id": "",
                "server_app_secret": "",
                "tenant_id": "16b3c013-d300-468d-ac64-7eda0820b6d3"
              }
            ],
            "azure_policy_enabled": true,
            "confidential_computing": [],
            "default_node_pool": [
              {
                "capacity_reservation_group_id": "",
                "custom_ca_trust_enabled": false,
                "enable_auto_scaling": true,
                "enable_host_encryption": false,
                "enable_node_public_ip": false,
                "fips_enabled": false,
                "host_group_id": "",
                "kubelet_config": [],
                "kubelet_disk_type": "OS",
                "linux_os_config": [],
                "max_count": 3,
                "max_pods": 110,
                "message_of_the_day": "Hello from Azure AKS cluster!",
                "min_count": 1,
                "name": "poolsystem",
                "node_count": 1,
                "node_labels": {},
                "node_network_profile": [],
                "node_public_ip_prefix_id": "",
                "node_taints": null,
                "only_critical_addons_enabled": false,
                "orchestrator_version": "1.26.0",
                "os_disk_size_gb": 40,
                "os_disk_type": "Managed",
                "os_sku": "Ubuntu",
                "pod_subnet_id": "/subscriptions/82f6d75e-85f4-434a-ab74-5dddd9fa8910/resourceGroups/rg-spoke-aks/providers/Microsoft.Network/virtualNetworks/vnet-spoke-aks/subnets/subnet-pods",
                "proximity_placement_group_id": "",
                "scale_down_mode": "Delete",
                "tags": {
                  "architecture": "Hub\u0026Spoke",
                  "environment": "development",
                  "source": "terraform"
                },
                "temporary_name_for_rotation": "poolsystem",
                "type": "VirtualMachineScaleSets",
                "ultra_ssd_enabled": false,
                "upgrade_settings": [],
                "vm_size": "Standard_D2s_v5",
                "vnet_subnet_id": "/subscriptions/82f6d75e-85f4-434a-ab74-5dddd9fa8910/resourceGroups/rg-spoke-aks/providers/Microsoft.Network/virtualNetworks/vnet-spoke-aks/subnets/subnet-nodes",
                "workload_runtime": "OCIContainer",
                "zones": [
                  "1",
                  "2",
                  "3"
                ]
              }
            ],
            "disk_encryption_set_id": "",
            "dns_prefix": "aks",
            "dns_prefix_private_cluster": "",
            "edge_zone": "",
            "enable_pod_security_policy": false,
            "fqdn": "aks-hso9t1wx.hcp.westeurope.azmk8s.io",
            "http_application_routing_enabled": false,
            "http_application_routing_zone_name": "",
            "http_proxy_config": [],
            "id": "/subscriptions/82f6d75e-85f4-434a-ab74-5dddd9fa8910/resourceGroups/rg-spoke-aks-cluster/providers/Microsoft.ContainerService/managedClusters/aks-cluster",
            "identity": [
              {
                "identity_ids": [
                  "/subscriptions/82f6d75e-85f4-434a-ab74-5dddd9fa8910/resourceGroups/rg-spoke-aks-cluster/providers/Microsoft.ManagedIdentity/userAssignedIdentities/identity-aks"
                ],
                "principal_id": "",
                "tenant_id": "",
                "type": "UserAssigned"
              }
            ],
            "image_cleaner_enabled": true,
            "image_cleaner_interval_hours": 24,
            "ingress_application_gateway": [
              {
                "effective_gateway_id": "/subscriptions/82f6d75e-85f4-434a-ab74-5dddd9fa8910/resourceGroups/rg-spoke-aks/providers/Microsoft.Network/applicationGateways/appgw-aks",
                "gateway_id": "/subscriptions/82f6d75e-85f4-434a-ab74-5dddd9fa8910/resourceGroups/rg-spoke-aks/providers/Microsoft.Network/applicationGateways/appgw-aks",
                "gateway_name": "",
                "ingress_application_gateway_identity": [
                  {
                    "client_id": "5dc1f03d-48c7-467f-82d9-f31e8e26b847",
                    "object_id": "0183922f-5b6f-448a-b8dc-021b1f276d55",
                    "user_assigned_identity_id": "/subscriptions/82f6d75e-85f4-434a-ab74-5dddd9fa8910/resourcegroups/rg-spoke-aks-nodes/providers/Microsoft.ManagedIdentity/userAssignedIdentities/ingressapplicationgateway-aks-cluster"
                  }
                ],
                "subnet_cidr": "",
                "subnet_id": ""
              }
            ],
            "key_management_service": [],
            "key_vault_secrets_provider": [
              {
                "secret_identity": [
                  {
                    "client_id": "323cfd36-6d75-4a28-a4bb-9081e9655b52",
                    "object_id": "f9184a76-e8f4-47ab-8ea6-c985a9ffe3ea",
                    "user_assigned_identity_id": "/subscriptions/82f6d75e-85f4-434a-ab74-5dddd9fa8910/resourcegroups/rg-spoke-aks-nodes/providers/Microsoft.ManagedIdentity/userAssignedIdentities/azurekeyvaultsecretsprovider-aks-cluster"
                  }
                ],
                "secret_rotation_enabled": true,
                "secret_rotation_interval": "2m"
              }
            ],
            "kube_admin_config": [],
            "kube_admin_config_raw": "",
            "kube_config": [
              {
                "client_certificate": "",
                "client_key": "",
                "cluster_ca_certificate": "LS0tLS1CRUdJTiBDRVJUSUZJQ0FURS0tLS0tCk1JSUU2RENDQXRDZ0F3SUJBZ0lRSDZUeHlDZEl5M1M4SWkxa3h2N0lXakFOQmdrcWhraUc5dzBCQVFzRkFEQU4KTVFzd0NRWURWUVFERXdKallUQWdGdzB5TXpBek1UQXdOekEzTlRSYUdBOHlNRFV6TURNeE1EQTNNVGMxTkZvdwpEVEVMTUFrR0ExVUVBeE1DWTJFd2dnSWlNQTBHQ1NxR1NJYjNEUUVCQVFVQUE0SUNEd0F3Z2dJS0FvSUNBUURHCkxzNC9USFN0cnl6NDhHUVJMVElNV3E0cm5nb2d1WTJNYzJUMTdZZUxJTzVQUmY5ZE9yTVZuWWpnM2xGeVphT3gKQ2xWSXRvaE0zbEE4U1JVbVAxTDRtLzR6RFFPbU1OT1VGbkQ5LzJCZU1ZbnhkMS9YbWwxc2U2OWk5UkVpaUVVZAp3dEIrcVIxSFJLRVErbFhDMDR2dnRXcEpsOW9XRzZMYUZJbVM0UUZ3MDZ4ZEhUaGluakppZ3BGZWxyZklPWHFnClFXZnhnZEtzUWNrTlVLUCtNTVRDdTRmQlpVc3YwQ2drKzF6eStqbXo1Y3ZFMEpqazR3YlAyOWVXcHgzdTNlc3gKNGRnclFuWE1CblRDV1RLb0pHRUI5anpPTHpia0JDSUNEUDZtdEVTaWdTclNMMDg3UmpFK0FJRlFSd0xnWDZTWApMU09ESWpFTGlsUVE4MHJkbnBGdlVGZ21pbEtuZ0pOek83NFAxS1Zwd2hHZDZVNUt2MHd1OTZrc1pKbmY1WjVuClhMTTJrVUgza3huQWF0TnBrN1F6TEhYSzRjOEtldWMzN01qSXIwNklSZlVIYlpoclI1YWdESEdINDBqUFNlWGsKY2J4OUVLS1d3Q2N2K3Z5SmJWR1VHZ2h5MUVmQ21XaGFhMWhZOGliK21mTERXN2ViSEFyUytPZ2U4VVNKczZCTgoyenNVU0Zjam5IQzFtWGhqTmpyZExnQmk1UmZ6YlpIcmNtMVlZbGw3MUV4bkVaa1lNV0tSSk5kaTloaGZya2lwCk9TUE1ndVkrZlhsRGZRY1RKcDdnRnp3VXd0enZTRndZR2RHTitsZnFHWnJlQkJ2ejRTSGhZRW5wbHo0U1luR1gKTjkvYUhhdFpRV096Y0V0T2VzK0N3VDNBKzhPOVp3QSsrWlUzU3lkY0NRSURBUUFCbzBJd1FEQU9CZ05WSFE4QgpBZjhFQkFNQ0FxUXdEd1lEVlIwVEFRSC9CQVV3QXdFQi96QWRCZ05WSFE0RUZnUVU5QWlISjZEcXMwZlA2VlJ6ClNyV0pTRFRFLzRJd0RRWUpLb1pJaHZjTkFRRUxCUUFEZ2dJQkFDSzBTOTYydmgvajJvU0RLNWY3UzBOSEV2MCsKdTRIWmUrMnBVVTl2N1BmQkNCNEQwcERvT3lLcS9EUnlxYm1raG5GQjZuc0x2RkRNWFQ0MDBsS0lLYkhvL2hFRApWREdYTkpBSkhHblFqYlYrczV0cEREcHlQaTNZWXJxalNLYzFYWkhqOVBRcmpOUmsycUlSQzJUelJWdDVSZ21LCnM3TnphRWJkMXdLV25YL1hRbHFHbVl6ZG5OS2lMdmI5cHFLQ0JPMEU5QTJOVXBLbG9VSkdsa0E3c0JvY2VzUmQKd1RFTzMvSDV5d2ZwOHBLSnBTcGUva3pnZEIxemxMYWZMWXlrb1lTS3pKMXBjU1J5YkhsREZJeURmck9KYTVlSwpmRG1oOXJjQUMwRTVaWExDaVBJbEpoUHVjSUw0d2h3L1NhZCtQL0RiZWlKUlp1NDNpTVIxVzZPRmxUVzFVYnRrCjZFbU5TazdiRkJLQUluWmREa0xrbFJCdlJWK1VhNHZwSGNWOEJvQU1GaGJrMUY5cndkVHNEdjFnZzhjSkJKN2gKSFRib3dKVEpTblVTWlNjZ094SjdQS3pmbXdnd2xjVUFwUFVyR3FIT0xaZXJoSFNVbVptUGNFZmN4ZXhQb0h5TgpBOW16ejlENFFScG1IcDd1cGxGNStCcnVDQVFSa05JNVpVNDRlQnV0WlpEVzh4Q2N5YkV6dE9IL3hzZUtpY3RkCjlLQWdwNERvaWlVY2hLTGVxYUFJTWNvNHVJMEt2aDdYZHVZL2hROHUyaVhGL1UzM0Vkb2NWYjlQOEI0SG05WkQKN1F5ekRlU25GaU12MjBRQm05Z3dTM0VGTVhmdkkzY0pUZG9HUERtaExKeCt2OVpKY01nbVVrRzNzdk1yWDJnWAp5M0hTRDZZYWo1SWsyeGZ0Ci0tLS0tRU5EIENFUlRJRklDQVRFLS0tLS0K",
                "host": "https://aks-hso9t1wx.hcp.westeurope.azmk8s.io:443",
                "password": "",
                "username": "clusterUser_rg-spoke-aks-cluster_aks-cluster"
              }
            ],
            "kube_config_raw": "apiVersion: v1\nclusters:\n- cluster:\n    certificate-authority-data: LS0tLS1CRUdJTiBDRVJUSUZJQ0FURS0tLS0tCk1JSUU2RENDQXRDZ0F3SUJBZ0lRSDZUeHlDZEl5M1M4SWkxa3h2N0lXakFOQmdrcWhraUc5dzBCQVFzRkFEQU4KTVFzd0NRWURWUVFERXdKallUQWdGdzB5TXpBek1UQXdOekEzTlRSYUdBOHlNRFV6TURNeE1EQTNNVGMxTkZvdwpEVEVMTUFrR0ExVUVBeE1DWTJFd2dnSWlNQTBHQ1NxR1NJYjNEUUVCQVFVQUE0SUNEd0F3Z2dJS0FvSUNBUURHCkxzNC9USFN0cnl6NDhHUVJMVElNV3E0cm5nb2d1WTJNYzJUMTdZZUxJTzVQUmY5ZE9yTVZuWWpnM2xGeVphT3gKQ2xWSXRvaE0zbEE4U1JVbVAxTDRtLzR6RFFPbU1OT1VGbkQ5LzJCZU1ZbnhkMS9YbWwxc2U2OWk5UkVpaUVVZAp3dEIrcVIxSFJLRVErbFhDMDR2dnRXcEpsOW9XRzZMYUZJbVM0UUZ3MDZ4ZEhUaGluakppZ3BGZWxyZklPWHFnClFXZnhnZEtzUWNrTlVLUCtNTVRDdTRmQlpVc3YwQ2drKzF6eStqbXo1Y3ZFMEpqazR3YlAyOWVXcHgzdTNlc3gKNGRnclFuWE1CblRDV1RLb0pHRUI5anpPTHpia0JDSUNEUDZtdEVTaWdTclNMMDg3UmpFK0FJRlFSd0xnWDZTWApMU09ESWpFTGlsUVE4MHJkbnBGdlVGZ21pbEtuZ0pOek83NFAxS1Zwd2hHZDZVNUt2MHd1OTZrc1pKbmY1WjVuClhMTTJrVUgza3huQWF0TnBrN1F6TEhYSzRjOEtldWMzN01qSXIwNklSZlVIYlpoclI1YWdESEdINDBqUFNlWGsKY2J4OUVLS1d3Q2N2K3Z5SmJWR1VHZ2h5MUVmQ21XaGFhMWhZOGliK21mTERXN2ViSEFyUytPZ2U4VVNKczZCTgoyenNVU0Zjam5IQzFtWGhqTmpyZExnQmk1UmZ6YlpIcmNtMVlZbGw3MUV4bkVaa1lNV0tSSk5kaTloaGZya2lwCk9TUE1ndVkrZlhsRGZRY1RKcDdnRnp3VXd0enZTRndZR2RHTitsZnFHWnJlQkJ2ejRTSGhZRW5wbHo0U1luR1gKTjkvYUhhdFpRV096Y0V0T2VzK0N3VDNBKzhPOVp3QSsrWlUzU3lkY0NRSURBUUFCbzBJd1FEQU9CZ05WSFE4QgpBZjhFQkFNQ0FxUXdEd1lEVlIwVEFRSC9CQVV3QXdFQi96QWRCZ05WSFE0RUZnUVU5QWlISjZEcXMwZlA2VlJ6ClNyV0pTRFRFLzRJd0RRWUpLb1pJaHZjTkFRRUxCUUFEZ2dJQkFDSzBTOTYydmgvajJvU0RLNWY3UzBOSEV2MCsKdTRIWmUrMnBVVTl2N1BmQkNCNEQwcERvT3lLcS9EUnlxYm1raG5GQjZuc0x2RkRNWFQ0MDBsS0lLYkhvL2hFRApWREdYTkpBSkhHblFqYlYrczV0cEREcHlQaTNZWXJxalNLYzFYWkhqOVBRcmpOUmsycUlSQzJUelJWdDVSZ21LCnM3TnphRWJkMXdLV25YL1hRbHFHbVl6ZG5OS2lMdmI5cHFLQ0JPMEU5QTJOVXBLbG9VSkdsa0E3c0JvY2VzUmQKd1RFTzMvSDV5d2ZwOHBLSnBTcGUva3pnZEIxemxMYWZMWXlrb1lTS3pKMXBjU1J5YkhsREZJeURmck9KYTVlSwpmRG1oOXJjQUMwRTVaWExDaVBJbEpoUHVjSUw0d2h3L1NhZCtQL0RiZWlKUlp1NDNpTVIxVzZPRmxUVzFVYnRrCjZFbU5TazdiRkJLQUluWmREa0xrbFJCdlJWK1VhNHZwSGNWOEJvQU1GaGJrMUY5cndkVHNEdjFnZzhjSkJKN2gKSFRib3dKVEpTblVTWlNjZ094SjdQS3pmbXdnd2xjVUFwUFVyR3FIT0xaZXJoSFNVbVptUGNFZmN4ZXhQb0h5TgpBOW16ejlENFFScG1IcDd1cGxGNStCcnVDQVFSa05JNVpVNDRlQnV0WlpEVzh4Q2N5YkV6dE9IL3hzZUtpY3RkCjlLQWdwNERvaWlVY2hLTGVxYUFJTWNvNHVJMEt2aDdYZHVZL2hROHUyaVhGL1UzM0Vkb2NWYjlQOEI0SG05WkQKN1F5ekRlU25GaU12MjBRQm05Z3dTM0VGTVhmdkkzY0pUZG9HUERtaExKeCt2OVpKY01nbVVrRzNzdk1yWDJnWAp5M0hTRDZZYWo1SWsyeGZ0Ci0tLS0tRU5EIENFUlRJRklDQVRFLS0tLS0K\n    server: https://aks-hso9t1wx.hcp.westeurope.azmk8s.io:443\n  name: aks-cluster\ncontexts:\n- context:\n    cluster: aks-cluster\n    user: clusterUser_rg-spoke-aks-cluster_aks-cluster\n  name: aks-cluster\ncurrent-context: aks-cluster\nkind: Config\npreferences: {}\nusers:\n- name: clusterUser_rg-spoke-aks-cluster_aks-cluster\n  user:\n    exec:\n      apiVersion: client.authentication.k8s.io/v1beta1\n      args:\n      - get-token\n      - --environment\n      - AzurePublicCloud\n      - --server-id\n      - 6dae42f8-4368-4678-94ff-3960e28e3630\n      - --client-id\n      - 80faf920-1908-4b52-b5ef-a8e7bedfc67a\n      - --tenant-id\n      - 16b3c013-d300-468d-ac64-7eda0820b6d3\n      - --login\n      - devicecode\n      command: kubelogin\n      env: null\n      provideClusterInfo: false\n",
            "kubelet_identity": [
              {
                "client_id": "531375c4-bb7d-412d-aeae-8b474dfe3b30",
                "object_id": "333fead3-c99d-4621-a520-572fcbe3eff2",
                "user_assigned_identity_id": "/subscriptions/82f6d75e-85f4-434a-ab74-5dddd9fa8910/resourceGroups/rg-spoke-aks-cluster/providers/Microsoft.ManagedIdentity/userAssignedIdentities/identity-kubelet"
              }
            ],
            "kubernetes_version": "1.26.0",
            "linux_profile": [],
            "local_account_disabled": true,
            "location": "westeurope",
            "maintenance_window": [
              {
                "allowed": [
                  {
                    "day": "Saturday",
                    "hours": [
                      2,
                      8
                    ]
                  }
                ],
                "not_allowed": []
              }
            ],
            "microsoft_defender": [],
            "monitor_metrics": [],
            "name": "aks-cluster",
            "network_profile": [
              {
                "dns_service_ip": "10.0.0.10",
                "docker_bridge_cidr": "172.17.0.1/16",
                "ebpf_data_plane": "",
                "ip_versions": [
                  "IPv4"
                ],
                "load_balancer_profile": [
                  {
                    "effective_outbound_ips": [
                      "/subscriptions/82f6d75e-85f4-434a-ab74-5dddd9fa8910/resourceGroups/rg-spoke-aks-nodes/providers/Microsoft.Network/publicIPAddresses/43e20bd2-6b91-403d-8f3c-d20872d7d009",
                      "/subscriptions/82f6d75e-85f4-434a-ab74-5dddd9fa8910/resourceGroups/rg-spoke-aks-nodes/providers/Microsoft.Network/publicIPAddresses/452199f0-2bff-4b72-9911-67f41aa95a06"
                    ],
                    "idle_timeout_in_minutes": 30,
                    "managed_outbound_ip_count": 2,
                    "managed_outbound_ipv6_count": 0,
                    "outbound_ip_address_ids": [],
                    "outbound_ip_prefix_ids": [],
                    "outbound_ports_allocated": 0
                  }
                ],
                "load_balancer_sku": "standard",
                "nat_gateway_profile": [],
                "network_mode": "",
                "network_plugin": "azure",
                "network_plugin_mode": "",
                "network_policy": "calico",
                "outbound_type": "loadBalancer",
                "pod_cidr": "",
                "pod_cidrs": [],
                "service_cidr": "10.0.0.0/16",
                "service_cidrs": [
                  "10.0.0.0/16"
                ]
              }
            ],
            "node_resource_group": "rg-spoke-aks-nodes",
            "node_resource_group_id": "/subscriptions/82f6d75e-85f4-434a-ab74-5dddd9fa8910/resourceGroups/rg-spoke-aks-nodes",
            "oidc_issuer_enabled": true,
            "oidc_issuer_url": "https://westeurope.oic.prod-aks.azure.com/16b3c013-d300-468d-ac64-7eda0820b6d3/e95e40be-9034-47df-96b1-6a94d1fb3ae0/",
            "oms_agent": [],
            "open_service_mesh_enabled": true,
            "portal_fqdn": "aks-hso9t1wx.portal.hcp.westeurope.azmk8s.io",
            "private_cluster_enabled": false,
            "private_cluster_public_fqdn_enabled": false,
            "private_dns_zone_id": "",
            "private_fqdn": "",
            "public_network_access_enabled": true,
            "resource_group_name": "rg-spoke-aks-cluster",
            "role_based_access_control_enabled": true,
            "run_command_enabled": true,
            "service_principal": [],
            "sku_tier": "Free",
            "storage_profile": [],
            "tags": {
              "architecture": "Hub\u0026Spoke",
              "environment": "development",
              "source": "terraform"
            },
            "timeouts": null,
            "web_app_routing": [],
            "windows_profile": [
              {
                "admin_password": "",
                "admin_username": "azureuser",
                "gmsa": [],
                "license": ""
              }
            ],
            "workload_autoscaler_profile": [
              {
                "keda_enabled": false,
                "vertical_pod_autoscaler_controlled_values": "RequestsAndLimits",
                "vertical_pod_autoscaler_enabled": true,
                "vertical_pod_autoscaler_update_mode": "Off"
              }
            ],
            "workload_identity_enabled": true
          },
          "sensitive_attributes": [],
          "private": "eyJlMmJmYjczMC1lY2FhLTExZTYtOGY4OC0zNDM2M2JjN2M0YzAiOnsiY3JlYXRlIjo1NDAwMDAwMDAwMDAwLCJkZWxldGUiOjU0MDAwMDAwMDAwMDAsInJlYWQiOjMwMDAwMDAwMDAwMCwidXBkYXRlIjo1NDAwMDAwMDAwMDAwfSwic2NoZW1hX3ZlcnNpb24iOiIyIn0=",
          "dependencies": [
            "azuread_group.aks_admins",
            "azurerm_private_dns_zone.private_dns_zone_aks",
            "azurerm_resource_group.rg_spoke_aks_cluster",
            "azurerm_subnet.subnet_apiserver",
            "azurerm_subnet.subnet_nodes",
            "azurerm_subnet.subnet_pods",
            "azurerm_user_assigned_identity.identity-kubelet",
            "azurerm_user_assigned_identity.identity_aks",
            "data.azurerm_subscription.subscription_spoke",
            "data.terraform_remote_state.management",
            "data.terraform_remote_state.spoke_aks"
          ]
        }
      ]
    },
    {
      "mode": "managed",
      "type": "azurerm_kubernetes_cluster_node_pool",
      "name": "poolapps",
      "provider": "provider[\"registry.terraform.io/hashicorp/azurerm\"]",
      "instances": [
        {
          "index_key": "poolappsamd",
          "schema_version": 1,
          "attributes": {
            "capacity_reservation_group_id": "",
            "custom_ca_trust_enabled": false,
            "enable_auto_scaling": true,
            "enable_host_encryption": false,
            "enable_node_public_ip": false,
            "eviction_policy": "",
            "fips_enabled": false,
            "host_group_id": "",
            "id": "/subscriptions/82f6d75e-85f4-434a-ab74-5dddd9fa8910/resourceGroups/rg-spoke-aks-cluster/providers/Microsoft.ContainerService/managedClusters/aks-cluster/agentPools/poolappsamd",
            "kubelet_config": [],
            "kubelet_disk_type": "OS",
            "kubernetes_cluster_id": "/subscriptions/82f6d75e-85f4-434a-ab74-5dddd9fa8910/resourceGroups/rg-spoke-aks-cluster/providers/Microsoft.ContainerService/managedClusters/aks-cluster",
            "linux_os_config": [],
            "max_count": 3,
            "max_pods": 250,
            "message_of_the_day": "Hello from Azure AKS cluster!",
            "min_count": 1,
            "mode": "User",
            "name": "poolappsamd",
            "node_count": 1,
            "node_labels": {},
            "node_network_profile": [],
            "node_public_ip_prefix_id": "",
            "node_taints": null,
            "orchestrator_version": "1.26.0",
            "os_disk_size_gb": 60,
            "os_disk_type": "Managed",
            "os_sku": "Ubuntu",
            "os_type": "Linux",
            "pod_subnet_id": "/subscriptions/82f6d75e-85f4-434a-ab74-5dddd9fa8910/resourceGroups/rg-spoke-aks/providers/Microsoft.Network/virtualNetworks/vnet-spoke-aks/subnets/subnet-pods-poolappsamd",
            "priority": "Regular",
            "proximity_placement_group_id": "",
            "scale_down_mode": "Delete",
            "spot_max_price": -1,
            "tags": {
              "architecture": "Hub\u0026Spoke",
              "environment": "development",
              "source": "terraform"
            },
            "timeouts": null,
            "ultra_ssd_enabled": false,
            "upgrade_settings": [
              {
                "max_surge": "3"
              }
            ],
            "vm_size": "Standard_D2s_v5",
            "vnet_subnet_id": "/subscriptions/82f6d75e-85f4-434a-ab74-5dddd9fa8910/resourceGroups/rg-spoke-aks/providers/Microsoft.Network/virtualNetworks/vnet-spoke-aks/subnets/subnet-nodes-poolappsamd",
            "windows_profile": [],
            "workload_runtime": "OCIContainer",
            "zones": [
              "1",
              "2",
              "3"
            ]
          },
          "sensitive_attributes": [],
          "private": "eyJlMmJmYjczMC1lY2FhLTExZTYtOGY4OC0zNDM2M2JjN2M0YzAiOnsiY3JlYXRlIjozNjAwMDAwMDAwMDAwLCJkZWxldGUiOjM2MDAwMDAwMDAwMDAsInJlYWQiOjMwMDAwMDAwMDAwMCwidXBkYXRlIjozNjAwMDAwMDAwMDAwfSwic2NoZW1hX3ZlcnNpb24iOiIxIn0=",
          "dependencies": [
            "azuread_group.aks_admins",
            "azurerm_kubernetes_cluster.aks",
            "azurerm_private_dns_zone.private_dns_zone_aks",
            "azurerm_resource_group.rg_spoke_aks_cluster",
            "azurerm_subnet.subnet_apiserver",
            "azurerm_subnet.subnet_nodes",
            "azurerm_subnet.subnet_nodes_user_nodepool",
            "azurerm_subnet.subnet_pods",
            "azurerm_subnet.subnet_pods_user_nodepool",
            "azurerm_user_assigned_identity.identity-kubelet",
            "azurerm_user_assigned_identity.identity_aks",
            "data.azurerm_subscription.subscription_spoke",
            "data.terraform_remote_state.management",
            "data.terraform_remote_state.spoke_aks"
          ]
        }
      ]
    },
    {
      "mode": "managed",
      "type": "azurerm_resource_group",
      "name": "rg_spoke_aks_cluster",
      "provider": "provider[\"registry.terraform.io/hashicorp/azurerm\"]",
      "instances": [
        {
          "schema_version": 0,
          "attributes": {
            "id": "/subscriptions/82f6d75e-85f4-434a-ab74-5dddd9fa8910/resourceGroups/rg-spoke-aks-cluster",
            "location": "westeurope",
            "name": "rg-spoke-aks-cluster",
            "tags": {
              "architecture": "Hub\u0026Spoke",
              "environment": "development",
              "source": "terraform"
            },
            "timeouts": null
          },
          "sensitive_attributes": [],
          "private": "eyJlMmJmYjczMC1lY2FhLTExZTYtOGY4OC0zNDM2M2JjN2M0YzAiOnsiY3JlYXRlIjo1NDAwMDAwMDAwMDAwLCJkZWxldGUiOjU0MDAwMDAwMDAwMDAsInJlYWQiOjMwMDAwMDAwMDAwMCwidXBkYXRlIjo1NDAwMDAwMDAwMDAwfX0="
        }
      ]
    },
    {
      "mode": "managed",
      "type": "azurerm_role_assignment",
      "name": "current_user_aks_admin",
      "provider": "provider[\"registry.terraform.io/hashicorp/azurerm\"]",
      "instances": [
        {
          "index_key": 0,
          "schema_version": 0,
          "attributes": {
            "condition": "",
            "condition_version": "",
            "delegated_managed_identity_resource_id": "",
            "description": "",
            "id": "/subscriptions/82f6d75e-85f4-434a-ab74-5dddd9fa8910/resourceGroups/rg-spoke-aks-cluster/providers/Microsoft.ContainerService/managedClusters/aks-cluster/providers/Microsoft.Authorization/roleAssignments/a6cbb102-cc31-9215-f1c8-2e134c4313d3",
            "name": "a6cbb102-cc31-9215-f1c8-2e134c4313d3",
            "principal_id": "99b281c9-823c-4633-af92-8ac556a19bee",
            "principal_type": "User",
            "role_definition_id": "/subscriptions/82f6d75e-85f4-434a-ab74-5dddd9fa8910/providers/Microsoft.Authorization/roleDefinitions/b1ff04bb-8a4e-4dc4-8eb5-8693973ce19b",
            "role_definition_name": "Azure Kubernetes Service RBAC Cluster Admin",
            "scope": "/subscriptions/82f6d75e-85f4-434a-ab74-5dddd9fa8910/resourceGroups/rg-spoke-aks-cluster/providers/Microsoft.ContainerService/managedClusters/aks-cluster",
            "skip_service_principal_aad_check": false,
            "timeouts": {
              "create": "2m",
              "delete": "2m",
              "read": null,
              "update": "2m"
            }
          },
          "sensitive_attributes": [],
          "private": "eyJlMmJmYjczMC1lY2FhLTExZTYtOGY4OC0zNDM2M2JjN2M0YzAiOnsiY3JlYXRlIjoxMjAwMDAwMDAwMDAsImRlbGV0ZSI6MTIwMDAwMDAwMDAwLCJyZWFkIjozMDAwMDAwMDAwMDAsInVwZGF0ZSI6MTIwMDAwMDAwMDAwfX0=",
          "dependencies": [
            "azuread_group.aks_admins",
            "azurerm_kubernetes_cluster.aks",
            "azurerm_private_dns_zone.private_dns_zone_aks",
            "azurerm_resource_group.rg_spoke_aks_cluster",
            "azurerm_subnet.subnet_apiserver",
            "azurerm_subnet.subnet_nodes",
            "azurerm_subnet.subnet_pods",
            "azurerm_user_assigned_identity.identity-kubelet",
            "azurerm_user_assigned_identity.identity_aks",
            "data.azuread_client_config.current",
            "data.azurerm_subscription.subscription_spoke",
            "data.terraform_remote_state.management",
            "data.terraform_remote_state.spoke_aks"
          ]
        }
      ]
    },
    {
      "mode": "managed",
      "type": "azurerm_role_assignment",
      "name": "role_acrpull",
      "provider": "provider[\"registry.terraform.io/hashicorp/azurerm\"]",
      "instances": [
        {
          "schema_version": 0,
          "attributes": {
            "condition": "",
            "condition_version": "",
            "delegated_managed_identity_resource_id": "",
            "description": "",
            "id": "/subscriptions/82f6d75e-85f4-434a-ab74-5dddd9fa8910/resourceGroups/rg-spoke-aks/providers/Microsoft.ContainerRegistry/registries/acrforakstf01357/providers/Microsoft.Authorization/roleAssignments/706d9037-fd44-3ab7-c9dc-d65ae9a19489",
            "name": "706d9037-fd44-3ab7-c9dc-d65ae9a19489",
            "principal_id": "333fead3-c99d-4621-a520-572fcbe3eff2",
            "principal_type": "ServicePrincipal",
            "role_definition_id": "/subscriptions/82f6d75e-85f4-434a-ab74-5dddd9fa8910/providers/Microsoft.Authorization/roleDefinitions/7f951dda-4ed3-4680-a7ca-43fe172d538d",
            "role_definition_name": "AcrPull",
            "scope": "/subscriptions/82f6d75e-85f4-434a-ab74-5dddd9fa8910/resourceGroups/rg-spoke-aks/providers/Microsoft.ContainerRegistry/registries/acrforakstf01357",
            "skip_service_principal_aad_check": true,
            "timeouts": null
          },
          "sensitive_attributes": [],
          "private": "eyJlMmJmYjczMC1lY2FhLTExZTYtOGY4OC0zNDM2M2JjN2M0YzAiOnsiY3JlYXRlIjoxODAwMDAwMDAwMDAwLCJkZWxldGUiOjE4MDAwMDAwMDAwMDAsInJlYWQiOjMwMDAwMDAwMDAwMCwidXBkYXRlIjoxODAwMDAwMDAwMDAwfX0=",
          "dependencies": [
            "azurerm_resource_group.rg_spoke_aks_cluster",
            "azurerm_user_assigned_identity.identity-kubelet",
            "data.terraform_remote_state.spoke_aks"
          ]
        }
      ]
    },
    {
      "mode": "managed",
      "type": "azurerm_role_assignment",
      "name": "role_appgw_contributor",
      "provider": "provider[\"registry.terraform.io/hashicorp/azurerm\"]",
      "instances": [
        {
          "index_key": 0,
          "schema_version": 0,
          "attributes": {
            "condition": "",
            "condition_version": "",
            "delegated_managed_identity_resource_id": "",
            "description": "",
            "id": "/subscriptions/82f6d75e-85f4-434a-ab74-5dddd9fa8910/resourceGroups/rg-spoke-aks/providers/Microsoft.Network/applicationGateways/appgw-aks/providers/Microsoft.Authorization/roleAssignments/bd872dce-2f35-d475-24b7-829a33693101",
            "name": "bd872dce-2f35-d475-24b7-829a33693101",
            "principal_id": "0183922f-5b6f-448a-b8dc-021b1f276d55",
            "principal_type": "ServicePrincipal",
            "role_definition_id": "/subscriptions/82f6d75e-85f4-434a-ab74-5dddd9fa8910/providers/Microsoft.Authorization/roleDefinitions/b24988ac-6180-42a0-ab88-20f7382dd24c",
            "role_definition_name": "Contributor",
            "scope": "/subscriptions/82f6d75e-85f4-434a-ab74-5dddd9fa8910/resourceGroups/rg-spoke-aks/providers/Microsoft.Network/applicationGateways/appgw-aks",
            "skip_service_principal_aad_check": null,
            "timeouts": null
          },
          "sensitive_attributes": [],
          "private": "eyJlMmJmYjczMC1lY2FhLTExZTYtOGY4OC0zNDM2M2JjN2M0YzAiOnsiY3JlYXRlIjoxODAwMDAwMDAwMDAwLCJkZWxldGUiOjE4MDAwMDAwMDAwMDAsInJlYWQiOjMwMDAwMDAwMDAwMCwidXBkYXRlIjoxODAwMDAwMDAwMDAwfX0=",
          "dependencies": [
            "azuread_group.aks_admins",
            "azurerm_kubernetes_cluster.aks",
            "azurerm_private_dns_zone.private_dns_zone_aks",
            "azurerm_resource_group.rg_spoke_aks_cluster",
            "azurerm_subnet.subnet_apiserver",
            "azurerm_subnet.subnet_nodes",
            "azurerm_subnet.subnet_pods",
            "azurerm_user_assigned_identity.identity-kubelet",
            "azurerm_user_assigned_identity.identity_aks",
            "data.azurerm_subscription.subscription_spoke",
            "data.terraform_remote_state.management",
            "data.terraform_remote_state.spoke_aks"
          ]
        }
      ]
    },
    {
      "mode": "managed",
      "type": "azurerm_role_assignment",
      "name": "role_identity_aks_contributor",
      "provider": "provider[\"registry.terraform.io/hashicorp/azurerm\"]",
      "instances": [
        {
          "schema_version": 0,
          "attributes": {
            "condition": "",
            "condition_version": "",
            "delegated_managed_identity_resource_id": "",
            "description": "",
            "id": "/subscriptions/82f6d75e-85f4-434a-ab74-5dddd9fa8910/resourceGroups/rg-spoke-aks-cluster/providers/Microsoft.Authorization/roleAssignments/b8f5f0ff-e36d-e684-e860-7fa2e631dfb3",
            "name": "b8f5f0ff-e36d-e684-e860-7fa2e631dfb3",
            "principal_id": "e113d872-5be4-47dc-963b-38173e3abfd9",
            "principal_type": "ServicePrincipal",
            "role_definition_id": "/subscriptions/82f6d75e-85f4-434a-ab74-5dddd9fa8910/providers/Microsoft.Authorization/roleDefinitions/b24988ac-6180-42a0-ab88-20f7382dd24c",
            "role_definition_name": "Contributor",
            "scope": "/subscriptions/82f6d75e-85f4-434a-ab74-5dddd9fa8910/resourceGroups/rg-spoke-aks-cluster",
            "skip_service_principal_aad_check": true,
            "timeouts": null
          },
          "sensitive_attributes": [],
          "private": "eyJlMmJmYjczMC1lY2FhLTExZTYtOGY4OC0zNDM2M2JjN2M0YzAiOnsiY3JlYXRlIjoxODAwMDAwMDAwMDAwLCJkZWxldGUiOjE4MDAwMDAwMDAwMDAsInJlYWQiOjMwMDAwMDAwMDAwMCwidXBkYXRlIjoxODAwMDAwMDAwMDAwfX0=",
          "dependencies": [
            "azurerm_resource_group.rg_spoke_aks_cluster",
            "azurerm_user_assigned_identity.identity_aks"
          ]
        }
      ]
    },
    {
      "mode": "managed",
      "type": "azurerm_role_assignment",
      "name": "role_identity_aks_mi_operator",
      "provider": "provider[\"registry.terraform.io/hashicorp/azurerm\"]",
      "instances": [
        {
          "schema_version": 0,
          "attributes": {
            "condition": "",
            "condition_version": "",
            "delegated_managed_identity_resource_id": "",
            "description": "",
            "id": "/subscriptions/82f6d75e-85f4-434a-ab74-5dddd9fa8910/resourceGroups/rg-spoke-aks-cluster/providers/Microsoft.ManagedIdentity/userAssignedIdentities/identity-kubelet/providers/Microsoft.Authorization/roleAssignments/a424af4b-273d-42d6-ebf3-ed9eb4195245",
            "name": "a424af4b-273d-42d6-ebf3-ed9eb4195245",
            "principal_id": "e113d872-5be4-47dc-963b-38173e3abfd9",
            "principal_type": "ServicePrincipal",
            "role_definition_id": "/subscriptions/82f6d75e-85f4-434a-ab74-5dddd9fa8910/providers/Microsoft.Authorization/roleDefinitions/f1a07417-d97a-45cb-824c-7a7467783830",
            "role_definition_name": "Managed Identity Operator",
            "scope": "/subscriptions/82f6d75e-85f4-434a-ab74-5dddd9fa8910/resourceGroups/rg-spoke-aks-cluster/providers/Microsoft.ManagedIdentity/userAssignedIdentities/identity-kubelet",
            "skip_service_principal_aad_check": true,
            "timeouts": null
          },
          "sensitive_attributes": [],
          "private": "eyJlMmJmYjczMC1lY2FhLTExZTYtOGY4OC0zNDM2M2JjN2M0YzAiOnsiY3JlYXRlIjoxODAwMDAwMDAwMDAwLCJkZWxldGUiOjE4MDAwMDAwMDAwMDAsInJlYWQiOjMwMDAwMDAwMDAwMCwidXBkYXRlIjoxODAwMDAwMDAwMDAwfX0=",
          "dependencies": [
            "azurerm_resource_group.rg_spoke_aks_cluster",
            "azurerm_user_assigned_identity.identity-kubelet",
            "azurerm_user_assigned_identity.identity_aks"
          ]
        }
      ]
    },
    {
      "mode": "managed",
      "type": "azurerm_role_assignment",
      "name": "role_identity_aks_network_contributor",
      "provider": "provider[\"registry.terraform.io/hashicorp/azurerm\"]",
      "instances": [
        {
          "schema_version": 0,
          "attributes": {
            "condition": "",
            "condition_version": "",
            "delegated_managed_identity_resource_id": "",
            "description": "",
            "id": "/subscriptions/82f6d75e-85f4-434a-ab74-5dddd9fa8910/resourceGroups/rg-spoke-aks/providers/Microsoft.Network/virtualNetworks/vnet-spoke-aks/providers/Microsoft.Authorization/roleAssignments/edf04eeb-0e6f-dee6-d506-4ac9ee8c11aa",
            "name": "edf04eeb-0e6f-dee6-d506-4ac9ee8c11aa",
            "principal_id": "e113d872-5be4-47dc-963b-38173e3abfd9",
            "principal_type": "ServicePrincipal",
            "role_definition_id": "/subscriptions/82f6d75e-85f4-434a-ab74-5dddd9fa8910/providers/Microsoft.Authorization/roleDefinitions/4d97b98b-1d4f-4787-a291-c67834d212e7",
            "role_definition_name": "Network Contributor",
            "scope": "/subscriptions/82f6d75e-85f4-434a-ab74-5dddd9fa8910/resourceGroups/rg-spoke-aks/providers/Microsoft.Network/virtualNetworks/vnet-spoke-aks",
            "skip_service_principal_aad_check": true,
            "timeouts": null
          },
          "sensitive_attributes": [],
          "private": "eyJlMmJmYjczMC1lY2FhLTExZTYtOGY4OC0zNDM2M2JjN2M0YzAiOnsiY3JlYXRlIjoxODAwMDAwMDAwMDAwLCJkZWxldGUiOjE4MDAwMDAwMDAwMDAsInJlYWQiOjMwMDAwMDAwMDAwMCwidXBkYXRlIjoxODAwMDAwMDAwMDAwfX0=",
          "dependencies": [
            "azurerm_resource_group.rg_spoke_aks_cluster",
            "azurerm_user_assigned_identity.identity_aks",
            "data.terraform_remote_state.spoke_aks"
          ]
        }
      ]
    },
    {
      "mode": "managed",
      "type": "azurerm_role_assignment",
      "name": "role_identity_aks_network_contributor_subnet_apiserver",
      "provider": "provider[\"registry.terraform.io/hashicorp/azurerm\"]",
      "instances": [
        {
          "index_key": 0,
          "schema_version": 0,
          "attributes": {
            "condition": "",
            "condition_version": "",
            "delegated_managed_identity_resource_id": "",
            "description": "",
            "id": "/subscriptions/82f6d75e-85f4-434a-ab74-5dddd9fa8910/resourceGroups/rg-spoke-aks/providers/Microsoft.Network/virtualNetworks/vnet-spoke-aks/subnets/subnet-apiserver/providers/Microsoft.Authorization/roleAssignments/53115d2d-b5d9-f9fa-868c-2e25fa011405",
            "name": "53115d2d-b5d9-f9fa-868c-2e25fa011405",
            "principal_id": "e113d872-5be4-47dc-963b-38173e3abfd9",
            "principal_type": "ServicePrincipal",
            "role_definition_id": "/subscriptions/82f6d75e-85f4-434a-ab74-5dddd9fa8910/providers/Microsoft.Authorization/roleDefinitions/4d97b98b-1d4f-4787-a291-c67834d212e7",
            "role_definition_name": "Network Contributor",
            "scope": "/subscriptions/82f6d75e-85f4-434a-ab74-5dddd9fa8910/resourceGroups/rg-spoke-aks/providers/Microsoft.Network/virtualNetworks/vnet-spoke-aks/subnets/subnet-apiserver",
            "skip_service_principal_aad_check": true,
            "timeouts": null
          },
          "sensitive_attributes": [],
          "private": "eyJlMmJmYjczMC1lY2FhLTExZTYtOGY4OC0zNDM2M2JjN2M0YzAiOnsiY3JlYXRlIjoxODAwMDAwMDAwMDAwLCJkZWxldGUiOjE4MDAwMDAwMDAwMDAsInJlYWQiOjMwMDAwMDAwMDAwMCwidXBkYXRlIjoxODAwMDAwMDAwMDAwfX0=",
          "dependencies": [
            "azurerm_resource_group.rg_spoke_aks_cluster",
            "azurerm_subnet.subnet_apiserver",
            "azurerm_user_assigned_identity.identity_aks",
            "data.terraform_remote_state.spoke_aks"
          ]
        }
      ]
    },
    {
      "mode": "managed",
      "type": "azurerm_subnet",
      "name": "subnet_apiserver",
      "provider": "provider[\"registry.terraform.io/hashicorp/azurerm\"]",
      "instances": [
        {
          "index_key": 0,
          "schema_version": 0,
          "attributes": {
            "address_prefixes": [
              "10.1.4.0/28"
            ],
            "delegation": [
              {
                "name": "Microsoft.ContainerService.managedClusters",
                "service_delegation": [
                  {
                    "actions": [
                      "Microsoft.Network/virtualNetworks/subnets/join/action"
                    ],
                    "name": "Microsoft.ContainerService/managedClusters"
                  }
                ]
              }
            ],
            "enforce_private_link_endpoint_network_policies": false,
            "enforce_private_link_service_network_policies": false,
            "id": "/subscriptions/82f6d75e-85f4-434a-ab74-5dddd9fa8910/resourceGroups/rg-spoke-aks/providers/Microsoft.Network/virtualNetworks/vnet-spoke-aks/subnets/subnet-apiserver",
            "name": "subnet-apiserver",
            "private_endpoint_network_policies_enabled": true,
            "private_link_service_network_policies_enabled": true,
            "resource_group_name": "rg-spoke-aks",
            "service_endpoint_policy_ids": null,
            "service_endpoints": null,
            "timeouts": null,
            "virtual_network_name": "vnet-spoke-aks"
          },
          "sensitive_attributes": [],
          "private": "eyJlMmJmYjczMC1lY2FhLTExZTYtOGY4OC0zNDM2M2JjN2M0YzAiOnsiY3JlYXRlIjoxODAwMDAwMDAwMDAwLCJkZWxldGUiOjE4MDAwMDAwMDAwMDAsInJlYWQiOjMwMDAwMDAwMDAwMCwidXBkYXRlIjoxODAwMDAwMDAwMDAwfX0=",
          "dependencies": [
            "data.terraform_remote_state.spoke_aks"
          ]
        }
      ]
    },
    {
      "mode": "managed",
      "type": "azurerm_subnet",
      "name": "subnet_nodes",
      "provider": "provider[\"registry.terraform.io/hashicorp/azurerm\"]",
      "instances": [
        {
          "schema_version": 0,
          "attributes": {
            "address_prefixes": [
              "10.1.3.0/24"
            ],
            "delegation": [],
            "enforce_private_link_endpoint_network_policies": false,
            "enforce_private_link_service_network_policies": false,
            "id": "/subscriptions/82f6d75e-85f4-434a-ab74-5dddd9fa8910/resourceGroups/rg-spoke-aks/providers/Microsoft.Network/virtualNetworks/vnet-spoke-aks/subnets/subnet-nodes",
            "name": "subnet-nodes",
            "private_endpoint_network_policies_enabled": true,
            "private_link_service_network_policies_enabled": true,
            "resource_group_name": "rg-spoke-aks",
            "service_endpoint_policy_ids": null,
            "service_endpoints": null,
            "timeouts": null,
            "virtual_network_name": "vnet-spoke-aks"
          },
          "sensitive_attributes": [],
          "private": "eyJlMmJmYjczMC1lY2FhLTExZTYtOGY4OC0zNDM2M2JjN2M0YzAiOnsiY3JlYXRlIjoxODAwMDAwMDAwMDAwLCJkZWxldGUiOjE4MDAwMDAwMDAwMDAsInJlYWQiOjMwMDAwMDAwMDAwMCwidXBkYXRlIjoxODAwMDAwMDAwMDAwfX0=",
          "dependencies": [
            "data.terraform_remote_state.spoke_aks"
          ]
        }
      ]
    },
    {
      "mode": "managed",
      "type": "azurerm_subnet",
      "name": "subnet_nodes_user_nodepool",
      "provider": "provider[\"registry.terraform.io/hashicorp/azurerm\"]",
      "instances": [
        {
          "index_key": "poolappsamd",
          "schema_version": 0,
          "attributes": {
            "address_prefixes": [
              "10.1.7.0/24"
            ],
            "delegation": [],
            "enforce_private_link_endpoint_network_policies": false,
            "enforce_private_link_service_network_policies": false,
            "id": "/subscriptions/82f6d75e-85f4-434a-ab74-5dddd9fa8910/resourceGroups/rg-spoke-aks/providers/Microsoft.Network/virtualNetworks/vnet-spoke-aks/subnets/subnet-nodes-poolappsamd",
            "name": "subnet-nodes-poolappsamd",
            "private_endpoint_network_policies_enabled": true,
            "private_link_service_network_policies_enabled": true,
            "resource_group_name": "rg-spoke-aks",
            "service_endpoint_policy_ids": null,
            "service_endpoints": null,
            "timeouts": null,
            "virtual_network_name": "vnet-spoke-aks"
          },
          "sensitive_attributes": [],
          "private": "eyJlMmJmYjczMC1lY2FhLTExZTYtOGY4OC0zNDM2M2JjN2M0YzAiOnsiY3JlYXRlIjoxODAwMDAwMDAwMDAwLCJkZWxldGUiOjE4MDAwMDAwMDAwMDAsInJlYWQiOjMwMDAwMDAwMDAwMCwidXBkYXRlIjoxODAwMDAwMDAwMDAwfX0=",
          "dependencies": [
            "data.terraform_remote_state.spoke_aks"
          ]
        }
      ]
    },
    {
      "mode": "managed",
      "type": "azurerm_subnet",
      "name": "subnet_pods",
      "provider": "provider[\"registry.terraform.io/hashicorp/azurerm\"]",
      "instances": [
        {
          "schema_version": 0,
          "attributes": {
            "address_prefixes": [
              "10.1.240.0/20"
            ],
            "delegation": [
              {
                "name": "Microsoft.ContainerService.managedClusters",
                "service_delegation": [
                  {
                    "actions": [
                      "Microsoft.Network/virtualNetworks/subnets/join/action"
                    ],
                    "name": "Microsoft.ContainerService/managedClusters"
                  }
                ]
              }
            ],
            "enforce_private_link_endpoint_network_policies": false,
            "enforce_private_link_service_network_policies": false,
            "id": "/subscriptions/82f6d75e-85f4-434a-ab74-5dddd9fa8910/resourceGroups/rg-spoke-aks/providers/Microsoft.Network/virtualNetworks/vnet-spoke-aks/subnets/subnet-pods",
            "name": "subnet-pods",
            "private_endpoint_network_policies_enabled": true,
            "private_link_service_network_policies_enabled": true,
            "resource_group_name": "rg-spoke-aks",
            "service_endpoint_policy_ids": null,
            "service_endpoints": null,
            "timeouts": null,
            "virtual_network_name": "vnet-spoke-aks"
          },
          "sensitive_attributes": [],
          "private": "eyJlMmJmYjczMC1lY2FhLTExZTYtOGY4OC0zNDM2M2JjN2M0YzAiOnsiY3JlYXRlIjoxODAwMDAwMDAwMDAwLCJkZWxldGUiOjE4MDAwMDAwMDAwMDAsInJlYWQiOjMwMDAwMDAwMDAwMCwidXBkYXRlIjoxODAwMDAwMDAwMDAwfX0=",
          "dependencies": [
            "data.terraform_remote_state.spoke_aks"
          ]
        }
      ]
    },
    {
      "mode": "managed",
      "type": "azurerm_subnet",
      "name": "subnet_pods_user_nodepool",
      "provider": "provider[\"registry.terraform.io/hashicorp/azurerm\"]",
      "instances": [
        {
          "index_key": "poolappsamd",
          "schema_version": 0,
          "attributes": {
            "address_prefixes": [
              "10.1.8.0/24"
            ],
            "delegation": [
              {
                "name": "Microsoft.ContainerService.managedClusters",
                "service_delegation": [
                  {
                    "actions": [
                      "Microsoft.Network/virtualNetworks/subnets/join/action"
                    ],
                    "name": "Microsoft.ContainerService/managedClusters"
                  }
                ]
              }
            ],
            "enforce_private_link_endpoint_network_policies": false,
            "enforce_private_link_service_network_policies": false,
            "id": "/subscriptions/82f6d75e-85f4-434a-ab74-5dddd9fa8910/resourceGroups/rg-spoke-aks/providers/Microsoft.Network/virtualNetworks/vnet-spoke-aks/subnets/subnet-pods-poolappsamd",
            "name": "subnet-pods-poolappsamd",
            "private_endpoint_network_policies_enabled": true,
            "private_link_service_network_policies_enabled": true,
            "resource_group_name": "rg-spoke-aks",
            "service_endpoint_policy_ids": null,
            "service_endpoints": null,
            "timeouts": null,
            "virtual_network_name": "vnet-spoke-aks"
          },
          "sensitive_attributes": [],
          "private": "eyJlMmJmYjczMC1lY2FhLTExZTYtOGY4OC0zNDM2M2JjN2M0YzAiOnsiY3JlYXRlIjoxODAwMDAwMDAwMDAwLCJkZWxldGUiOjE4MDAwMDAwMDAwMDAsInJlYWQiOjMwMDAwMDAwMDAwMCwidXBkYXRlIjoxODAwMDAwMDAwMDAwfX0=",
          "dependencies": [
            "data.terraform_remote_state.spoke_aks"
          ]
        }
      ]
    },
    {
      "mode": "managed",
      "type": "azurerm_user_assigned_identity",
      "name": "identity-kubelet",
      "provider": "provider[\"registry.terraform.io/hashicorp/azurerm\"]",
      "instances": [
        {
          "schema_version": 1,
          "attributes": {
            "client_id": "531375c4-bb7d-412d-aeae-8b474dfe3b30",
            "id": "/subscriptions/82f6d75e-85f4-434a-ab74-5dddd9fa8910/resourceGroups/rg-spoke-aks-cluster/providers/Microsoft.ManagedIdentity/userAssignedIdentities/identity-kubelet",
            "location": "westeurope",
            "name": "identity-kubelet",
            "principal_id": "333fead3-c99d-4621-a520-572fcbe3eff2",
            "resource_group_name": "rg-spoke-aks-cluster",
            "tags": {
              "architecture": "Hub\u0026Spoke",
              "environment": "development",
              "source": "terraform"
            },
            "tenant_id": "16b3c013-d300-468d-ac64-7eda0820b6d3",
            "timeouts": null
          },
          "sensitive_attributes": [],
          "private": "eyJlMmJmYjczMC1lY2FhLTExZTYtOGY4OC0zNDM2M2JjN2M0YzAiOnsiY3JlYXRlIjoxODAwMDAwMDAwMDAwLCJkZWxldGUiOjE4MDAwMDAwMDAwMDAsInJlYWQiOjMwMDAwMDAwMDAwMCwidXBkYXRlIjoxODAwMDAwMDAwMDAwfSwic2NoZW1hX3ZlcnNpb24iOiIxIn0=",
          "dependencies": [
            "azurerm_resource_group.rg_spoke_aks_cluster"
          ]
        }
      ]
    },
    {
      "mode": "managed",
      "type": "azurerm_user_assigned_identity",
      "name": "identity_aks",
      "provider": "provider[\"registry.terraform.io/hashicorp/azurerm\"]",
      "instances": [
        {
          "schema_version": 1,
          "attributes": {
            "client_id": "ca6d2a02-3a1e-4238-89a9-027b16cfd083",
            "id": "/subscriptions/82f6d75e-85f4-434a-ab74-5dddd9fa8910/resourceGroups/rg-spoke-aks-cluster/providers/Microsoft.ManagedIdentity/userAssignedIdentities/identity-aks",
            "location": "westeurope",
            "name": "identity-aks",
            "principal_id": "e113d872-5be4-47dc-963b-38173e3abfd9",
            "resource_group_name": "rg-spoke-aks-cluster",
            "tags": {
              "architecture": "Hub\u0026Spoke",
              "environment": "development",
              "source": "terraform"
            },
            "tenant_id": "16b3c013-d300-468d-ac64-7eda0820b6d3",
            "timeouts": null
          },
          "sensitive_attributes": [],
          "private": "eyJlMmJmYjczMC1lY2FhLTExZTYtOGY4OC0zNDM2M2JjN2M0YzAiOnsiY3JlYXRlIjoxODAwMDAwMDAwMDAwLCJkZWxldGUiOjE4MDAwMDAwMDAwMDAsInJlYWQiOjMwMDAwMDAwMDAwMCwidXBkYXRlIjoxODAwMDAwMDAwMDAwfSwic2NoZW1hX3ZlcnNpb24iOiIxIn0=",
          "dependencies": [
            "azurerm_resource_group.rg_spoke_aks_cluster"
          ]
        }
      ]
    },
    {
      "mode": "managed",
      "type": "null_resource",
      "name": "aks_enable_azuremonitormetrics",
      "provider": "provider[\"registry.terraform.io/hashicorp/null\"]",
      "instances": [
        {
          "index_key": 0,
          "schema_version": 0,
          "attributes": {
            "id": "1352392040395620896",
            "triggers": {
              "key": "value1"
            }
          },
          "sensitive_attributes": [],
          "dependencies": [
            "azuread_group.aks_admins",
            "azurerm_kubernetes_cluster.aks",
            "azurerm_kubernetes_cluster_node_pool.poolapps",
            "azurerm_kubernetes_cluster_node_pool.poolspot",
            "azurerm_private_dns_zone.private_dns_zone_aks",
            "azurerm_resource_group.rg_spoke_aks_cluster",
            "azurerm_subnet.subnet_apiserver",
            "azurerm_subnet.subnet_nodes",
            "azurerm_subnet.subnet_nodes_user_nodepool",
            "azurerm_subnet.subnet_pods",
            "azurerm_subnet.subnet_pods_user_nodepool",
            "azurerm_user_assigned_identity.identity-kubelet",
            "azurerm_user_assigned_identity.identity_aks",
            "data.azurerm_subscription.subscription_spoke",
            "data.terraform_remote_state.management",
            "data.terraform_remote_state.spoke_aks"
          ]
        }
      ]
    },
    {
      "mode": "managed",
      "type": "null_resource",
      "name": "connect_to_aks",
      "provider": "provider[\"registry.terraform.io/hashicorp/null\"]",
      "instances": [
        {
          "schema_version": 0,
          "attributes": {
            "id": "4276626026433902429",
            "triggers": {
              "key": "value2"
            }
          },
          "sensitive_attributes": [],
          "dependencies": [
            "azuread_group.aks_admins",
            "azurerm_kubernetes_cluster.aks",
            "azurerm_kubernetes_cluster_node_pool.poolapps",
            "azurerm_kubernetes_cluster_node_pool.poolspot",
            "azurerm_private_dns_zone.private_dns_zone_aks",
            "azurerm_resource_group.rg_spoke_aks_cluster",
            "azurerm_subnet.subnet_apiserver",
            "azurerm_subnet.subnet_nodes",
            "azurerm_subnet.subnet_nodes_user_nodepool",
            "azurerm_subnet.subnet_pods",
            "azurerm_subnet.subnet_pods_user_nodepool",
            "azurerm_user_assigned_identity.identity-kubelet",
            "azurerm_user_assigned_identity.identity_aks",
            "data.azurerm_subscription.subscription_spoke",
            "data.terraform_remote_state.management",
            "data.terraform_remote_state.spoke_aks"
          ]
        }
      ]
    }
  ],
  "check_results": null
}
