{
  "version": 4,
  "terraform_version": "1.3.9",
  "serial": 33,
  "lineage": "c1fc55c0-8891-a4f5-6e6b-ed1beca4b985",
  "outputs": {
    "latest_version": {
      "value": "1.26.0",
      "type": "string"
    }
  },
  "resources": [
    {
      "mode": "data",
      "type": "azuread_client_config",
      "name": "current",
      "provider": "provider[\"registry.terraform.io/hashicorp/azuread\"]",
      "instances": [
        {
          "schema_version": 0,
          "attributes": {
            "client_id": "04b07795-8ddb-461a-bbee-02f9e1bf7b46",
            "id": "16b3c013-d300-468d-ac64-7eda0820b6d3-04b07795-8ddb-461a-bbee-02f9e1bf7b46-99b281c9-823c-4633-af92-8ac556a19bee",
            "object_id": "99b281c9-823c-4633-af92-8ac556a19bee",
            "tenant_id": "16b3c013-d300-468d-ac64-7eda0820b6d3",
            "timeouts": null
          },
          "sensitive_attributes": []
        }
      ]
    },
    {
      "mode": "data",
      "type": "azuread_service_principal",
      "name": "aks_aad_server",
      "provider": "provider[\"registry.terraform.io/hashicorp/azuread\"]",
      "instances": [
        {
          "schema_version": 0,
          "attributes": {
            "account_enabled": true,
            "alternative_names": [],
            "app_role_assignment_required": false,
            "app_role_ids": {},
            "app_roles": [],
            "application_id": "6dae42f8-4368-4678-94ff-3960e28e3630",
            "application_tenant_id": "f8cdef31-a31e-4b4a-93e4-5f571e91255a",
            "description": "",
            "display_name": "Azure Kubernetes Service AAD Server",
            "feature_tags": [
              {
                "custom_single_sign_on": false,
                "enterprise": false,
                "gallery": false,
                "hide": false
              }
            ],
            "features": [
              {
                "custom_single_sign_on_app": false,
                "enterprise_application": false,
                "gallery_application": false,
                "visible_to_users": true
              }
            ],
            "homepage_url": "",
            "id": "87d6543d-05f4-4985-8f51-cfbe152ee0cc",
            "login_url": "",
            "logout_url": "",
            "notes": "",
            "notification_email_addresses": [],
            "oauth2_permission_scope_ids": {
              "user.read": "34a47c2f-cd0d-47b4-a93c-2c41130c671c"
            },
            "oauth2_permission_scopes": [
              {
                "admin_consent_description": "this allows to read user profile",
                "admin_consent_display_name": "user.read",
                "enabled": true,
                "id": "34a47c2f-cd0d-47b4-a93c-2c41130c671c",
                "type": "User",
                "user_consent_description": "this allows to read user profile",
                "user_consent_display_name": "user.read",
                "value": "user.read"
              }
            ],
            "object_id": "87d6543d-05f4-4985-8f51-cfbe152ee0cc",
            "preferred_single_sign_on_mode": "",
            "redirect_uris": [],
            "saml_metadata_url": "",
            "saml_single_sign_on": [],
            "service_principal_names": [
              "https://aks-aad-server.azure.com"
            ],
            "sign_in_audience": "AzureADMultipleOrgs",
            "tags": [],
            "timeouts": null,
            "type": "Application"
          },
          "sensitive_attributes": []
        }
      ]
    },
    {
      "mode": "data",
      "type": "azurerm_client_config",
      "name": "current",
      "provider": "provider[\"registry.terraform.io/hashicorp/azurerm\"]",
      "instances": [
        {
          "schema_version": 0,
          "attributes": {
            "client_id": "04b07795-8ddb-461a-bbee-02f9e1bf7b46",
            "id": "Y2xpZW50Q29uZmlncy9jbGllbnRJZD0wNGIwNzc5NS04ZGRiLTQ2MWEtYmJlZS0wMmY5ZTFiZjdiNDY7b2JqZWN0SWQ9OTliMjgxYzktODIzYy00NjMzLWFmOTItOGFjNTU2YTE5YmVlO3N1YnNjcmlwdGlvbklkPTgyZjZkNzVlLTg1ZjQtNDM0YS1hYjc0LTVkZGRkOWZhODkxMDt0ZW5hbnRJZD0xNmIzYzAxMy1kMzAwLTQ2OGQtYWM2NC03ZWRhMDgyMGI2ZDM=",
            "object_id": "99b281c9-823c-4633-af92-8ac556a19bee",
            "subscription_id": "82f6d75e-85f4-434a-ab74-5dddd9fa8910",
            "tenant_id": "16b3c013-d300-468d-ac64-7eda0820b6d3",
            "timeouts": null
          },
          "sensitive_attributes": []
        }
      ]
    },
    {
      "mode": "data",
      "type": "azurerm_kubernetes_service_versions",
      "name": "aks",
      "provider": "provider[\"registry.terraform.io/hashicorp/azurerm\"]",
      "instances": [
        {
          "schema_version": 0,
          "attributes": {
            "id": "/subscriptions/82f6d75e-85f4-434a-ab74-5dddd9fa8910/providers/Microsoft.ContainerService/locations/westeurope",
            "include_preview": true,
            "latest_version": "1.26.0",
            "location": "westeurope",
            "timeouts": null,
            "version_prefix": null,
            "versions": [
              "1.23.12",
              "1.23.15",
              "1.24.6",
              "1.24.9",
              "1.25.4",
              "1.25.5",
              "1.26.0"
            ]
          },
          "sensitive_attributes": []
        }
      ]
    },
    {
      "mode": "data",
      "type": "azurerm_subscription",
      "name": "subscription_spoke",
      "provider": "provider[\"registry.terraform.io/hashicorp/azurerm\"]",
      "instances": [
        {
          "schema_version": 0,
          "attributes": {
            "display_name": "Microsoft-Azure-NonProd",
            "id": "/subscriptions/82f6d75e-85f4-434a-ab74-5dddd9fa8910",
            "location_placement_id": "Internal_2014-09-01",
            "quota_id": "Internal_2014-09-01",
            "spending_limit": "Off",
            "state": "Enabled",
            "subscription_id": "82f6d75e-85f4-434a-ab74-5dddd9fa8910",
            "tags": {
              "tag1": "MCAPS-Hybrid-REQ-46246-2022-HoussemDellai",
              "tag2": "Hybrid"
            },
            "tenant_id": "16b3c013-d300-468d-ac64-7eda0820b6d3",
            "timeouts": null
          },
          "sensitive_attributes": []
        }
      ]
    },
    {
      "mode": "data",
      "type": "http",
      "name": "machine_ip",
      "provider": "provider[\"registry.terraform.io/hashicorp/http\"]",
      "instances": [
        {
          "schema_version": 0,
          "attributes": {
            "body": "87.88.156.31",
            "ca_cert_pem": null,
            "id": "http://ifconfig.me",
            "insecure": null,
            "method": null,
            "request_body": null,
            "request_headers": {
              "Accept": "application/json"
            },
            "response_body": "87.88.156.31",
            "response_headers": {
              "Access-Control-Allow-Origin": "*",
              "Content-Length": "12",
              "Content-Type": "text/plain; charset=utf-8",
              "Date": "Thu, 09 Mar 2023 15:07:19 GMT",
              "Server": "istio-envoy",
              "Strict-Transport-Security": "max-age=2592000; includeSubDomains",
              "Via": "1.1 google",
              "X-Envoy-Upstream-Service-Time": "1"
            },
            "status_code": 200,
            "url": "http://ifconfig.me"
          },
          "sensitive_attributes": []
        }
      ]
    },
    {
      "mode": "data",
      "type": "terraform_remote_state",
      "name": "spoke_aks",
      "provider": "provider[\"terraform.io/builtin/terraform\"]",
      "instances": [
        {
          "schema_version": 0,
          "attributes": {
            "backend": "local",
            "config": {
              "value": {
                "path": "../03_spoke_aks/terraform.tfstate"
              },
              "type": [
                "object",
                {
                  "path": "string"
                }
              ]
            },
            "defaults": null,
            "outputs": {
              "value": {
                "acr": {
                  "id": "/subscriptions/82f6d75e-85f4-434a-ab74-5dddd9fa8910/resourceGroups/rg-spoke-aks/providers/Microsoft.ContainerRegistry/registries/acrforakstf01357"
                },
                "application_gateway": {
                  "enabled": true,
                  "id": "/subscriptions/82f6d75e-85f4-434a-ab74-5dddd9fa8910/resourceGroups/rg-spoke-aks/providers/Microsoft.Network/applicationGateways/appgw-aks"
                },
                "grafana": {
                  "endpoint": "https://grafana-aks-011-g5ebg9bqdfaggsdm.weu.grafana.azure.com",
                  "id": "/subscriptions/82f6d75e-85f4-434a-ab74-5dddd9fa8910/resourceGroups/rg-spoke-aks/providers/Microsoft.Dashboard/grafana/grafana-aks-011"
                },
                "prometheus": {
                  "id": "/subscriptions/82f6d75e-85f4-434a-ab74-5dddd9fa8910/resourceGroups/rg-spoke-aks/providers/microsoft.monitor/accounts/monitor-workspace-aks"
                },
                "vnet_spoke_aks": {
                  "id": "/subscriptions/82f6d75e-85f4-434a-ab74-5dddd9fa8910/resourceGroups/rg-spoke-aks/providers/Microsoft.Network/virtualNetworks/vnet-spoke-aks",
                  "resource_group_name": "rg-spoke-aks",
                  "virtual_network_name": "vnet-spoke-aks"
                }
              },
              "type": [
                "object",
                {
                  "acr": [
                    "object",
                    {
                      "id": "string"
                    }
                  ],
                  "application_gateway": [
                    "object",
                    {
                      "enabled": "bool",
                      "id": "string"
                    }
                  ],
                  "grafana": [
                    "object",
                    {
                      "endpoint": "string",
                      "id": "string"
                    }
                  ],
                  "prometheus": [
                    "object",
                    {
                      "id": "string"
                    }
                  ],
                  "vnet_spoke_aks": [
                    "object",
                    {
                      "id": "string",
                      "resource_group_name": "string",
                      "virtual_network_name": "string"
                    }
                  ]
                }
              ]
            },
            "workspace": null
          },
          "sensitive_attributes": []
        }
      ]
    },
    {
      "mode": "managed",
      "type": "azurerm_kubernetes_cluster",
      "name": "aks",
      "provider": "provider[\"registry.terraform.io/hashicorp/azurerm\"]",
      "instances": [
        {
          "schema_version": 2,
          "attributes": {
            "aci_connector_linux": [],
            "api_server_access_profile": [
              {
                "authorized_ip_ranges": [
                  "0.0.0.0/0"
                ],
                "subnet_id": "/subscriptions/82f6d75e-85f4-434a-ab74-5dddd9fa8910/resourceGroups/rg-spoke-aks/providers/Microsoft.Network/virtualNetworks/vnet-spoke-aks/subnets/subnet-apiserver",
                "vnet_integration_enabled": true
              }
            ],
            "api_server_authorized_ip_ranges": [
              "0.0.0.0/0"
            ],
            "auto_scaler_profile": [
              {
                "balance_similar_node_groups": false,
                "empty_bulk_delete_max": "10",
                "expander": "random",
                "max_graceful_termination_sec": "600",
                "max_node_provisioning_time": "15m",
                "max_unready_nodes": 3,
                "max_unready_percentage": 45,
                "new_pod_scale_up_delay": "10s",
                "scale_down_delay_after_add": "10m",
                "scale_down_delay_after_delete": "10s",
                "scale_down_delay_after_failure": "3m",
                "scale_down_unneeded": "10m",
                "scale_down_unready": "20m",
                "scale_down_utilization_threshold": "0.5",
                "scan_interval": "10s",
                "skip_nodes_with_local_storage": true,
                "skip_nodes_with_system_pods": true
              }
            ],
            "automatic_channel_upgrade": "node-image",
            "azure_active_directory_role_based_access_control": [
              {
                "admin_group_object_ids": [],
                "azure_rbac_enabled": true,
                "client_app_id": "",
                "managed": true,
                "server_app_id": "",
                "server_app_secret": "",
                "tenant_id": "16b3c013-d300-468d-ac64-7eda0820b6d3"
              }
            ],
            "azure_policy_enabled": true,
            "confidential_computing": [],
            "default_node_pool": [
              {
                "capacity_reservation_group_id": "",
                "custom_ca_trust_enabled": false,
                "enable_auto_scaling": true,
                "enable_host_encryption": false,
                "enable_node_public_ip": false,
                "fips_enabled": false,
                "host_group_id": "",
                "kubelet_config": [],
                "kubelet_disk_type": "OS",
                "linux_os_config": [],
                "max_count": 3,
                "max_pods": 110,
                "message_of_the_day": "Hello from Azure AKS cluster!",
                "min_count": 1,
                "name": "poolsystem",
                "node_count": 2,
                "node_labels": {},
                "node_network_profile": [],
                "node_public_ip_prefix_id": "",
                "node_taints": [],
                "only_critical_addons_enabled": false,
                "orchestrator_version": "1.26.0",
                "os_disk_size_gb": 40,
                "os_disk_type": "Managed",
                "os_sku": "Ubuntu",
                "pod_subnet_id": "/subscriptions/82f6d75e-85f4-434a-ab74-5dddd9fa8910/resourceGroups/rg-spoke-aks/providers/Microsoft.Network/virtualNetworks/vnet-spoke-aks/subnets/subnet-pods",
                "proximity_placement_group_id": "",
                "scale_down_mode": "Delete",
                "tags": {
                  "architecture": "Hub\u0026Spoke",
                  "environment": "development",
                  "source": "terraform"
                },
                "type": "VirtualMachineScaleSets",
                "ultra_ssd_enabled": false,
                "upgrade_settings": [],
                "vm_size": "Standard_D2s_v5",
                "vnet_subnet_id": "/subscriptions/82f6d75e-85f4-434a-ab74-5dddd9fa8910/resourceGroups/rg-spoke-aks/providers/Microsoft.Network/virtualNetworks/vnet-spoke-aks/subnets/subnet-nodes",
                "workload_runtime": "OCIContainer",
                "zones": [
                  "1",
                  "2",
                  "3"
                ]
              }
            ],
            "disk_encryption_set_id": "",
            "dns_prefix": "aks",
            "dns_prefix_private_cluster": "",
            "edge_zone": "",
            "enable_pod_security_policy": false,
            "fqdn": "aks-3b0hw8e5.hcp.westeurope.azmk8s.io",
            "http_application_routing_enabled": false,
            "http_application_routing_zone_name": "",
            "http_proxy_config": [],
            "id": "/subscriptions/82f6d75e-85f4-434a-ab74-5dddd9fa8910/resourceGroups/rg-spoke-aks-cluster/providers/Microsoft.ContainerService/managedClusters/aks-cluster",
            "identity": [
              {
                "identity_ids": [
                  "/subscriptions/82f6d75e-85f4-434a-ab74-5dddd9fa8910/resourceGroups/rg-spoke-aks-cluster/providers/Microsoft.ManagedIdentity/userAssignedIdentities/identity-aks"
                ],
                "principal_id": "",
                "tenant_id": "",
                "type": "UserAssigned"
              }
            ],
            "image_cleaner_enabled": true,
            "image_cleaner_interval_hours": 24,
            "ingress_application_gateway": [
              {
                "effective_gateway_id": "/subscriptions/82f6d75e-85f4-434a-ab74-5dddd9fa8910/resourceGroups/rg-spoke-aks/providers/Microsoft.Network/applicationGateways/appgw-aks",
                "gateway_id": "/subscriptions/82f6d75e-85f4-434a-ab74-5dddd9fa8910/resourceGroups/rg-spoke-aks/providers/Microsoft.Network/applicationGateways/appgw-aks",
                "gateway_name": "",
                "ingress_application_gateway_identity": [
                  {
                    "client_id": "922142d2-8952-49fd-bd3f-39e1c748dc4d",
                    "object_id": "bab5d3cb-c4c7-4c26-98b6-aa503b8fa436",
                    "user_assigned_identity_id": "/subscriptions/82f6d75e-85f4-434a-ab74-5dddd9fa8910/resourcegroups/rg-spoke-aks-nodes/providers/Microsoft.ManagedIdentity/userAssignedIdentities/ingressapplicationgateway-aks-cluster"
                  }
                ],
                "subnet_cidr": "",
                "subnet_id": ""
              }
            ],
            "key_management_service": [],
            "key_vault_secrets_provider": [
              {
                "secret_identity": [
                  {
                    "client_id": "c15ad8f2-f597-4334-8023-6c751bae0a8e",
                    "object_id": "61b75b2a-789e-4dd0-b8af-1434ddffd597",
                    "user_assigned_identity_id": "/subscriptions/82f6d75e-85f4-434a-ab74-5dddd9fa8910/resourcegroups/rg-spoke-aks-nodes/providers/Microsoft.ManagedIdentity/userAssignedIdentities/azurekeyvaultsecretsprovider-aks-cluster"
                  }
                ],
                "secret_rotation_enabled": true,
                "secret_rotation_interval": "2m"
              }
            ],
            "kube_admin_config": [],
            "kube_admin_config_raw": "",
            "kube_config": [
              {
                "client_certificate": "",
                "client_key": "",
                "cluster_ca_certificate": "LS0tLS1CRUdJTiBDRVJUSUZJQ0FURS0tLS0tCk1JSUU2VENDQXRHZ0F3SUJBZ0lSQU9VWnczM2tEdHFSWW1icHFFVlV0Lzh3RFFZSktvWklodmNOQVFFTEJRQXcKRFRFTE1Ba0dBMVVFQXhNQ1kyRXdJQmNOTWpNd016QTVNRGN4TURBeldoZ1BNakExTXpBek1Ea3dOekl3TUROYQpNQTB4Q3pBSkJnTlZCQU1UQW1OaE1JSUNJakFOQmdrcWhraUc5dzBCQVFFRkFBT0NBZzhBTUlJQ0NnS0NBZ0VBCnI4Ly9BOGZBOUVmZTF0YW94ZTFDakd0VlRDTHphRHpqTjdyWjFZWW0xZTBEZ0FkU1VNTjM0bXlmRDVIZ003ZFQKWklrOW9LbXFMMG55WkNXQ0dibmY3TzFraW5CZWJTdG9mNzg1VDJuR1IwcW9LN1dpZFd1akhqcFJ0bmErd3ZPWgpKNHl0TEpTODFienRXVmg1SmxneWxSWHFXTks5T29yelNWalJLZnIyUXhxU0I3bXp4bDZZQ2Vpb2RJaGJlMk52CnBKSWN1NmdJT01UcFc4TkhaNEl2ZktXMVYzRXR0VDR4eFVsVDdLbW1EbGNNaHp3OEJJNGV2OHVVUWMvdUxqYnAKUmRUQ3hTN0lpMExtL0FZNitmemszcTNON3dpeEs0cE1BUWFhcng3TDEzR3R1aWcvU1RxT1RKM2RlWEw2QXQ2bQpGMW1QUW82d2tveHRuRGxIM2psbDlhNklXQnIydGF3UGhHU2dqYlR5aG9sVnUzMEIrRjluK0FSM1Q2dTJYNSswCkg4YTI1QUhNbWI3T09Pb25uWlNicXNITjVjUkZoZEVMb05zUmU3UldPV1JEc1FTTXBZRkY0NUora0daQS9UbFIKeDhuS004NnpxVk42b0trVHJwNnNmTGJqTFpsRW1LMkZ4c2gvZnFKMVNvUWt1a010VFkyQnNDRUw5Wm9DUU9iKwpCOUVCekltNkNDMUdjVGRFRFBDUkFaYUdBcDdPN1kxNzRNeURqV1UweGdEZkFpZ3dKSjJOZDluN3lmcjBPV3BGCnBIekRuUExNU2REbTVMb0RrazlJV1JiL1VDdjk2bUV6NXRoRDEwV0dEdkI2QWJVeGRXTk9heXhBQk4rWFZYdloKWEFzS2ZYMlY4Mkk3OFo1aVc0SStFTzNoaG1pbFlNaFlMUSt3NlIwUEVqY0NBd0VBQWFOQ01FQXdEZ1lEVlIwUApBUUgvQkFRREFnS2tNQThHQTFVZEV3RUIvd1FGTUFNQkFmOHdIUVlEVlIwT0JCWUVGQnNxUnRSeVljWFBpeXRUCkpTUDBLQXljMWJXQU1BMEdDU3FHU0liM0RRRUJDd1VBQTRJQ0FRQTZLTFpsWEdUTWVDQ2RmUFA5MVZyajJYTVAKV0xycDVkZVIva0ExMk9KK0lEUVYyRkU4VGxjOVdqbWFITXJ2Vk53bjRkRml0bUxodnNaTUd3bElrQnBWQ1diWApOK2JTZUFqVDR1N0RNUG1MRGRZUVhYTkM2dDB0SXFXcnRUNlgzSmJWUGNOQ29LaUVBNm4vVkJjdU9LQmt4QXkrCmEvdHlGaGNkZmg2elNMMlJMU1BjQkNQWHN4T0NlL2M2NEtPdlhNR2NvMXVTeGo5S3lTK2lFZlZEQUxxZEpNNnEKenNUSmFSUi9qTExvZTlWbnZkQis2QXBGdHFDWVVsTjZMQ3dXb3MwL0lFa2NjdUNVYnYxQ2ppYkRZbkV3RkpaaApjTjkvRVlvZmJ2U29JVTliRFltM2lYUFBWdnM5OW4rYi91cDhmL1lkV2lCaUVxSGFLNWdEQStQQlY4eEZmRmFZCm02b2FQK0ZoN3ZuSkpxS1o0N2NuVEh5dnBtaHlQVzZJckRYYWZVK2EyMnd6VG4wbi9tSmNQZFZRamowTzhTcUgKNFh2SGUvZTBKMkZuZnhpbThGbC95aWRqTXk0ZTVIK0REV1E4QXhlQXY0bi9Wd0VlWnY0OERDaXBDeWFUY3FEUQphdE5rYlRwUCtWWmo4MXJvajcyWmRydDh4eWc5Z0hWTlVLUTRVRy9QN1pDcVpTWVVGb2UvVm1PR0oyaDVQRUV0Cldvem1xQktDVWFuVFFHWlpxbHVqc0NiTDFXWVpsd25ZbDl2U3lNSXlGc3Y3cWRGWjdhT1hXT2dsUFdSajlJNUwKaFlLMkRrZk55WGN0dzJEKzJZV1ZmaEpFeEpBZ3A1SzQxRjRzdXdnQmtlNUE3d3Zib2w0VDk3QnZnYWtoYlp5LwpmMUNheUNKZGg4TUNQS3VhaEE9PQotLS0tLUVORCBDRVJUSUZJQ0FURS0tLS0tCg==",
                "host": "https://aks-3b0hw8e5.hcp.westeurope.azmk8s.io:443",
                "password": "",
                "username": "clusterUser_rg-spoke-aks-cluster_aks-cluster"
              }
            ],
            "kube_config_raw": "apiVersion: v1\nclusters:\n- cluster:\n    certificate-authority-data: LS0tLS1CRUdJTiBDRVJUSUZJQ0FURS0tLS0tCk1JSUU2VENDQXRHZ0F3SUJBZ0lSQU9VWnczM2tEdHFSWW1icHFFVlV0Lzh3RFFZSktvWklodmNOQVFFTEJRQXcKRFRFTE1Ba0dBMVVFQXhNQ1kyRXdJQmNOTWpNd016QTVNRGN4TURBeldoZ1BNakExTXpBek1Ea3dOekl3TUROYQpNQTB4Q3pBSkJnTlZCQU1UQW1OaE1JSUNJakFOQmdrcWhraUc5dzBCQVFFRkFBT0NBZzhBTUlJQ0NnS0NBZ0VBCnI4Ly9BOGZBOUVmZTF0YW94ZTFDakd0VlRDTHphRHpqTjdyWjFZWW0xZTBEZ0FkU1VNTjM0bXlmRDVIZ003ZFQKWklrOW9LbXFMMG55WkNXQ0dibmY3TzFraW5CZWJTdG9mNzg1VDJuR1IwcW9LN1dpZFd1akhqcFJ0bmErd3ZPWgpKNHl0TEpTODFienRXVmg1SmxneWxSWHFXTks5T29yelNWalJLZnIyUXhxU0I3bXp4bDZZQ2Vpb2RJaGJlMk52CnBKSWN1NmdJT01UcFc4TkhaNEl2ZktXMVYzRXR0VDR4eFVsVDdLbW1EbGNNaHp3OEJJNGV2OHVVUWMvdUxqYnAKUmRUQ3hTN0lpMExtL0FZNitmemszcTNON3dpeEs0cE1BUWFhcng3TDEzR3R1aWcvU1RxT1RKM2RlWEw2QXQ2bQpGMW1QUW82d2tveHRuRGxIM2psbDlhNklXQnIydGF3UGhHU2dqYlR5aG9sVnUzMEIrRjluK0FSM1Q2dTJYNSswCkg4YTI1QUhNbWI3T09Pb25uWlNicXNITjVjUkZoZEVMb05zUmU3UldPV1JEc1FTTXBZRkY0NUora0daQS9UbFIKeDhuS004NnpxVk42b0trVHJwNnNmTGJqTFpsRW1LMkZ4c2gvZnFKMVNvUWt1a010VFkyQnNDRUw5Wm9DUU9iKwpCOUVCekltNkNDMUdjVGRFRFBDUkFaYUdBcDdPN1kxNzRNeURqV1UweGdEZkFpZ3dKSjJOZDluN3lmcjBPV3BGCnBIekRuUExNU2REbTVMb0RrazlJV1JiL1VDdjk2bUV6NXRoRDEwV0dEdkI2QWJVeGRXTk9heXhBQk4rWFZYdloKWEFzS2ZYMlY4Mkk3OFo1aVc0SStFTzNoaG1pbFlNaFlMUSt3NlIwUEVqY0NBd0VBQWFOQ01FQXdEZ1lEVlIwUApBUUgvQkFRREFnS2tNQThHQTFVZEV3RUIvd1FGTUFNQkFmOHdIUVlEVlIwT0JCWUVGQnNxUnRSeVljWFBpeXRUCkpTUDBLQXljMWJXQU1BMEdDU3FHU0liM0RRRUJDd1VBQTRJQ0FRQTZLTFpsWEdUTWVDQ2RmUFA5MVZyajJYTVAKV0xycDVkZVIva0ExMk9KK0lEUVYyRkU4VGxjOVdqbWFITXJ2Vk53bjRkRml0bUxodnNaTUd3bElrQnBWQ1diWApOK2JTZUFqVDR1N0RNUG1MRGRZUVhYTkM2dDB0SXFXcnRUNlgzSmJWUGNOQ29LaUVBNm4vVkJjdU9LQmt4QXkrCmEvdHlGaGNkZmg2elNMMlJMU1BjQkNQWHN4T0NlL2M2NEtPdlhNR2NvMXVTeGo5S3lTK2lFZlZEQUxxZEpNNnEKenNUSmFSUi9qTExvZTlWbnZkQis2QXBGdHFDWVVsTjZMQ3dXb3MwL0lFa2NjdUNVYnYxQ2ppYkRZbkV3RkpaaApjTjkvRVlvZmJ2U29JVTliRFltM2lYUFBWdnM5OW4rYi91cDhmL1lkV2lCaUVxSGFLNWdEQStQQlY4eEZmRmFZCm02b2FQK0ZoN3ZuSkpxS1o0N2NuVEh5dnBtaHlQVzZJckRYYWZVK2EyMnd6VG4wbi9tSmNQZFZRamowTzhTcUgKNFh2SGUvZTBKMkZuZnhpbThGbC95aWRqTXk0ZTVIK0REV1E4QXhlQXY0bi9Wd0VlWnY0OERDaXBDeWFUY3FEUQphdE5rYlRwUCtWWmo4MXJvajcyWmRydDh4eWc5Z0hWTlVLUTRVRy9QN1pDcVpTWVVGb2UvVm1PR0oyaDVQRUV0Cldvem1xQktDVWFuVFFHWlpxbHVqc0NiTDFXWVpsd25ZbDl2U3lNSXlGc3Y3cWRGWjdhT1hXT2dsUFdSajlJNUwKaFlLMkRrZk55WGN0dzJEKzJZV1ZmaEpFeEpBZ3A1SzQxRjRzdXdnQmtlNUE3d3Zib2w0VDk3QnZnYWtoYlp5LwpmMUNheUNKZGg4TUNQS3VhaEE9PQotLS0tLUVORCBDRVJUSUZJQ0FURS0tLS0tCg==\n    server: https://aks-3b0hw8e5.hcp.westeurope.azmk8s.io:443\n  name: aks-cluster\ncontexts:\n- context:\n    cluster: aks-cluster\n    user: clusterUser_rg-spoke-aks-cluster_aks-cluster\n  name: aks-cluster\ncurrent-context: aks-cluster\nkind: Config\npreferences: {}\nusers:\n- name: clusterUser_rg-spoke-aks-cluster_aks-cluster\n  user:\n    exec:\n      apiVersion: client.authentication.k8s.io/v1beta1\n      args:\n      - get-token\n      - --environment\n      - AzurePublicCloud\n      - --server-id\n      - 6dae42f8-4368-4678-94ff-3960e28e3630\n      - --client-id\n      - 80faf920-1908-4b52-b5ef-a8e7bedfc67a\n      - --tenant-id\n      - 16b3c013-d300-468d-ac64-7eda0820b6d3\n      - --login\n      - devicecode\n      command: kubelogin\n      env: null\n      provideClusterInfo: false\n",
            "kubelet_identity": [
              {
                "client_id": "a0d63398-2539-44b5-90b8-66af44ef4c57",
                "object_id": "04fa7c66-b9f1-440f-bf7b-c39b755c9a60",
                "user_assigned_identity_id": "/subscriptions/82f6d75e-85f4-434a-ab74-5dddd9fa8910/resourceGroups/rg-spoke-aks-cluster/providers/Microsoft.ManagedIdentity/userAssignedIdentities/identity-kubelet"
              }
            ],
            "kubernetes_version": "1.26.0",
            "linux_profile": [],
            "local_account_disabled": true,
            "location": "westeurope",
            "maintenance_window": [
              {
                "allowed": [
                  {
                    "day": "Saturday",
                    "hours": [
                      2,
                      8
                    ]
                  }
                ],
                "not_allowed": []
              }
            ],
            "microsoft_defender": [],
            "monitor_metrics": [
              {
                "annotations_allowed": "",
                "labels_allowed": ""
              }
            ],
            "name": "aks-cluster",
            "network_profile": [
              {
                "dns_service_ip": "10.0.0.10",
                "docker_bridge_cidr": "172.17.0.1/16",
                "ebpf_data_plane": "",
                "ip_versions": [
                  "IPv4"
                ],
                "load_balancer_profile": [
                  {
                    "effective_outbound_ips": [
                      "/subscriptions/82f6d75e-85f4-434a-ab74-5dddd9fa8910/resourceGroups/rg-spoke-aks-nodes/providers/Microsoft.Network/publicIPAddresses/05094cdf-32df-4e6a-9e27-e4cdceb27a87",
                      "/subscriptions/82f6d75e-85f4-434a-ab74-5dddd9fa8910/resourceGroups/rg-spoke-aks-nodes/providers/Microsoft.Network/publicIPAddresses/a285cb6d-8147-4064-84a1-21e32b98e951"
                    ],
                    "idle_timeout_in_minutes": 30,
                    "managed_outbound_ip_count": 2,
                    "managed_outbound_ipv6_count": 0,
                    "outbound_ip_address_ids": [],
                    "outbound_ip_prefix_ids": [],
                    "outbound_ports_allocated": 0
                  }
                ],
                "load_balancer_sku": "standard",
                "nat_gateway_profile": [],
                "network_mode": "",
                "network_plugin": "azure",
                "network_plugin_mode": "",
                "network_policy": "calico",
                "outbound_type": "loadBalancer",
                "pod_cidr": "",
                "pod_cidrs": [],
                "service_cidr": "10.0.0.0/16",
                "service_cidrs": [
                  "10.0.0.0/16"
                ]
              }
            ],
            "node_resource_group": "rg-spoke-aks-nodes",
            "oidc_issuer_enabled": true,
            "oidc_issuer_url": "https://westeurope.oic.prod-aks.azure.com/16b3c013-d300-468d-ac64-7eda0820b6d3/e7e38c5e-bf98-424d-a493-1e65cef0fd0d/",
            "oms_agent": [],
            "open_service_mesh_enabled": true,
            "portal_fqdn": "aks-3b0hw8e5.portal.hcp.westeurope.azmk8s.io",
            "private_cluster_enabled": false,
            "private_cluster_public_fqdn_enabled": false,
            "private_dns_zone_id": "",
            "private_fqdn": "",
            "public_network_access_enabled": true,
            "resource_group_name": "rg-spoke-aks-cluster",
            "role_based_access_control_enabled": true,
            "run_command_enabled": true,
            "service_principal": [],
            "sku_tier": "Free",
            "storage_profile": [],
            "tags": {
              "architecture": "Hub\u0026Spoke",
              "environment": "development",
              "source": "terraform"
            },
            "timeouts": null,
            "web_app_routing": [],
            "windows_profile": [
              {
                "admin_password": "",
                "admin_username": "azureuser",
                "gmsa": [],
                "license": ""
              }
            ],
            "workload_autoscaler_profile": [
              {
                "keda_enabled": false
              }
            ],
            "workload_identity_enabled": true
          },
          "sensitive_attributes": [],
          "private": "eyJlMmJmYjczMC1lY2FhLTExZTYtOGY4OC0zNDM2M2JjN2M0YzAiOnsiY3JlYXRlIjo1NDAwMDAwMDAwMDAwLCJkZWxldGUiOjU0MDAwMDAwMDAwMDAsInJlYWQiOjMwMDAwMDAwMDAwMCwidXBkYXRlIjo1NDAwMDAwMDAwMDAwfSwic2NoZW1hX3ZlcnNpb24iOiIyIn0=",
          "dependencies": [
            "azuread_group.aks_admins",
            "azurerm_private_dns_zone.private_dns_zone_aks",
            "azurerm_resource_group.rg_spoke_aks_cluster",
            "azurerm_subnet.subnet_apiserver",
            "azurerm_subnet.subnet_nodes",
            "azurerm_subnet.subnet_pods",
            "azurerm_user_assigned_identity.identity-kubelet",
            "azurerm_user_assigned_identity.identity_aks",
            "data.azuread_client_config.current",
            "data.azurerm_subscription.subscription_spoke",
            "data.terraform_remote_state.management",
            "data.terraform_remote_state.spoke_aks"
          ]
        }
      ]
    },
    {
      "mode": "managed",
      "type": "azurerm_kubernetes_cluster_node_pool",
      "name": "poolapps",
      "provider": "provider[\"registry.terraform.io/hashicorp/azurerm\"]",
      "instances": [
        {
          "index_key": "npmariner",
          "schema_version": 1,
          "attributes": {
            "capacity_reservation_group_id": "",
            "custom_ca_trust_enabled": false,
            "enable_auto_scaling": true,
            "enable_host_encryption": false,
            "enable_node_public_ip": false,
            "eviction_policy": "",
            "fips_enabled": false,
            "host_group_id": "",
            "id": "/subscriptions/82f6d75e-85f4-434a-ab74-5dddd9fa8910/resourceGroups/rg-spoke-aks-cluster/providers/Microsoft.ContainerService/managedClusters/aks-cluster/agentPools/npmariner",
            "kubelet_config": [],
            "kubelet_disk_type": "OS",
            "kubernetes_cluster_id": "/subscriptions/82f6d75e-85f4-434a-ab74-5dddd9fa8910/resourceGroups/rg-spoke-aks-cluster/providers/Microsoft.ContainerService/managedClusters/aks-cluster",
            "linux_os_config": [],
            "max_count": 3,
            "max_pods": 250,
            "message_of_the_day": "Hello from Azure AKS cluster!",
            "min_count": 1,
            "mode": "User",
            "name": "npmariner",
            "node_count": 1,
            "node_labels": {},
            "node_network_profile": [],
            "node_public_ip_prefix_id": "",
            "node_taints": null,
            "orchestrator_version": "1.26.0",
            "os_disk_size_gb": 60,
            "os_disk_type": "Managed",
            "os_sku": "Mariner",
            "os_type": "Linux",
            "pod_subnet_id": "/subscriptions/82f6d75e-85f4-434a-ab74-5dddd9fa8910/resourceGroups/rg-spoke-aks/providers/Microsoft.Network/virtualNetworks/vnet-spoke-aks/subnets/subnet-pods-npmariner",
            "priority": "Regular",
            "proximity_placement_group_id": "",
            "scale_down_mode": "Delete",
            "spot_max_price": -1,
            "tags": {
              "architecture": "Hub\u0026Spoke",
              "environment": "development",
              "source": "terraform"
            },
            "timeouts": null,
            "ultra_ssd_enabled": false,
            "upgrade_settings": [
              {
                "max_surge": "3"
              }
            ],
            "vm_size": "Standard_D2_v2",
            "vnet_subnet_id": "/subscriptions/82f6d75e-85f4-434a-ab74-5dddd9fa8910/resourceGroups/rg-spoke-aks/providers/Microsoft.Network/virtualNetworks/vnet-spoke-aks/subnets/subnet-nodes-npmariner",
            "windows_profile": [],
            "workload_runtime": "OCIContainer",
            "zones": [
              "1",
              "2",
              "3"
            ]
          },
          "sensitive_attributes": [],
          "private": "eyJlMmJmYjczMC1lY2FhLTExZTYtOGY4OC0zNDM2M2JjN2M0YzAiOnsiY3JlYXRlIjozNjAwMDAwMDAwMDAwLCJkZWxldGUiOjM2MDAwMDAwMDAwMDAsInJlYWQiOjMwMDAwMDAwMDAwMCwidXBkYXRlIjozNjAwMDAwMDAwMDAwfSwic2NoZW1hX3ZlcnNpb24iOiIxIn0=",
          "dependencies": [
            "azurerm_kubernetes_cluster.aks",
            "azurerm_subnet.subnet_nodes_user_nodepool",
            "azurerm_subnet.subnet_pods_user_nodepool",
            "data.terraform_remote_state.spoke_aks"
          ]
        },
        {
          "index_key": "npmarinercbl",
          "schema_version": 1,
          "attributes": {
            "capacity_reservation_group_id": "",
            "custom_ca_trust_enabled": false,
            "enable_auto_scaling": true,
            "enable_host_encryption": false,
            "enable_node_public_ip": false,
            "eviction_policy": "",
            "fips_enabled": false,
            "host_group_id": "",
            "id": "/subscriptions/82f6d75e-85f4-434a-ab74-5dddd9fa8910/resourceGroups/rg-spoke-aks-cluster/providers/Microsoft.ContainerService/managedClusters/aks-cluster/agentPools/npmarinercbl",
            "kubelet_config": [],
            "kubelet_disk_type": "OS",
            "kubernetes_cluster_id": "/subscriptions/82f6d75e-85f4-434a-ab74-5dddd9fa8910/resourceGroups/rg-spoke-aks-cluster/providers/Microsoft.ContainerService/managedClusters/aks-cluster",
            "linux_os_config": [],
            "max_count": 3,
            "max_pods": 250,
            "message_of_the_day": "Hello from Azure AKS cluster!",
            "min_count": 1,
            "mode": "User",
            "name": "npmarinercbl",
            "node_count": 1,
            "node_labels": {},
            "node_network_profile": [],
            "node_public_ip_prefix_id": "",
            "node_taints": null,
            "orchestrator_version": "1.26.0",
            "os_disk_size_gb": 60,
            "os_disk_type": "Managed",
            "os_sku": "CBLMariner",
            "os_type": "Linux",
            "pod_subnet_id": "/subscriptions/82f6d75e-85f4-434a-ab74-5dddd9fa8910/resourceGroups/rg-spoke-aks/providers/Microsoft.Network/virtualNetworks/vnet-spoke-aks/subnets/subnet-pods-npmarinercbl",
            "priority": "Regular",
            "proximity_placement_group_id": "",
            "scale_down_mode": "Delete",
            "spot_max_price": -1,
            "tags": {
              "architecture": "Hub\u0026Spoke",
              "environment": "development",
              "source": "terraform"
            },
            "timeouts": null,
            "ultra_ssd_enabled": false,
            "upgrade_settings": [
              {
                "max_surge": "3"
              }
            ],
            "vm_size": "Standard_D2_v2",
            "vnet_subnet_id": "/subscriptions/82f6d75e-85f4-434a-ab74-5dddd9fa8910/resourceGroups/rg-spoke-aks/providers/Microsoft.Network/virtualNetworks/vnet-spoke-aks/subnets/subnet-nodes-npmarinercbl",
            "windows_profile": [],
            "workload_runtime": "OCIContainer",
            "zones": [
              "1",
              "2",
              "3"
            ]
          },
          "sensitive_attributes": [],
          "private": "eyJlMmJmYjczMC1lY2FhLTExZTYtOGY4OC0zNDM2M2JjN2M0YzAiOnsiY3JlYXRlIjozNjAwMDAwMDAwMDAwLCJkZWxldGUiOjM2MDAwMDAwMDAwMDAsInJlYWQiOjMwMDAwMDAwMDAwMCwidXBkYXRlIjozNjAwMDAwMDAwMDAwfSwic2NoZW1hX3ZlcnNpb24iOiIxIn0=",
          "dependencies": [
            "azurerm_kubernetes_cluster.aks",
            "azurerm_subnet.subnet_nodes_user_nodepool",
            "azurerm_subnet.subnet_pods_user_nodepool",
            "data.terraform_remote_state.spoke_aks"
          ]
        },
        {
          "index_key": "poolappsamd",
          "schema_version": 1,
          "attributes": {
            "capacity_reservation_group_id": "",
            "custom_ca_trust_enabled": false,
            "enable_auto_scaling": true,
            "enable_host_encryption": false,
            "enable_node_public_ip": false,
            "eviction_policy": "",
            "fips_enabled": false,
            "host_group_id": "",
            "id": "/subscriptions/82f6d75e-85f4-434a-ab74-5dddd9fa8910/resourceGroups/rg-spoke-aks-cluster/providers/Microsoft.ContainerService/managedClusters/aks-cluster/agentPools/poolappsamd",
            "kubelet_config": [],
            "kubelet_disk_type": "OS",
            "kubernetes_cluster_id": "/subscriptions/82f6d75e-85f4-434a-ab74-5dddd9fa8910/resourceGroups/rg-spoke-aks-cluster/providers/Microsoft.ContainerService/managedClusters/aks-cluster",
            "linux_os_config": [],
            "max_count": 3,
            "max_pods": 250,
            "message_of_the_day": "Hello from Azure AKS cluster!",
            "min_count": 1,
            "mode": "User",
            "name": "poolappsamd",
            "node_count": 1,
            "node_labels": {},
            "node_network_profile": [],
            "node_public_ip_prefix_id": "",
            "node_taints": [],
            "orchestrator_version": "1.26.0",
            "os_disk_size_gb": 60,
            "os_disk_type": "Managed",
            "os_sku": "Ubuntu",
            "os_type": "Linux",
            "pod_subnet_id": "/subscriptions/82f6d75e-85f4-434a-ab74-5dddd9fa8910/resourceGroups/rg-spoke-aks/providers/Microsoft.Network/virtualNetworks/vnet-spoke-aks/subnets/subnet-pods-poolappsamd",
            "priority": "Regular",
            "proximity_placement_group_id": "",
            "scale_down_mode": "Delete",
            "spot_max_price": -1,
            "tags": {
              "architecture": "Hub\u0026Spoke",
              "environment": "development",
              "source": "terraform"
            },
            "timeouts": null,
            "ultra_ssd_enabled": false,
            "upgrade_settings": [
              {
                "max_surge": "3"
              }
            ],
            "vm_size": "Standard_D2s_v5",
            "vnet_subnet_id": "/subscriptions/82f6d75e-85f4-434a-ab74-5dddd9fa8910/resourceGroups/rg-spoke-aks/providers/Microsoft.Network/virtualNetworks/vnet-spoke-aks/subnets/subnet-nodes-poolappsamd",
            "windows_profile": [],
            "workload_runtime": "OCIContainer",
            "zones": [
              "1",
              "2",
              "3"
            ]
          },
          "sensitive_attributes": [],
          "private": "eyJlMmJmYjczMC1lY2FhLTExZTYtOGY4OC0zNDM2M2JjN2M0YzAiOnsiY3JlYXRlIjozNjAwMDAwMDAwMDAwLCJkZWxldGUiOjM2MDAwMDAwMDAwMDAsInJlYWQiOjMwMDAwMDAwMDAwMCwidXBkYXRlIjozNjAwMDAwMDAwMDAwfSwic2NoZW1hX3ZlcnNpb24iOiIxIn0=",
          "dependencies": [
            "azuread_group.aks_admins",
            "azurerm_kubernetes_cluster.aks",
            "azurerm_private_dns_zone.private_dns_zone_aks",
            "azurerm_resource_group.rg_spoke_aks_cluster",
            "azurerm_subnet.subnet_apiserver",
            "azurerm_subnet.subnet_nodes",
            "azurerm_subnet.subnet_nodes_user_nodepool",
            "azurerm_subnet.subnet_pods",
            "azurerm_subnet.subnet_pods_user_nodepool",
            "azurerm_user_assigned_identity.identity-kubelet",
            "azurerm_user_assigned_identity.identity_aks",
            "data.azuread_client_config.current",
            "data.azurerm_subscription.subscription_spoke",
            "data.terraform_remote_state.management",
            "data.terraform_remote_state.spoke_aks"
          ]
        }
      ]
    },
    {
      "mode": "managed",
      "type": "azurerm_resource_group",
      "name": "rg_spoke_aks_cluster",
      "provider": "provider[\"registry.terraform.io/hashicorp/azurerm\"]",
      "instances": [
        {
          "schema_version": 0,
          "attributes": {
            "id": "/subscriptions/82f6d75e-85f4-434a-ab74-5dddd9fa8910/resourceGroups/rg-spoke-aks-cluster",
            "location": "westeurope",
            "name": "rg-spoke-aks-cluster",
            "tags": {
              "architecture": "Hub\u0026Spoke",
              "environment": "development",
              "source": "terraform"
            },
            "timeouts": null
          },
          "sensitive_attributes": [],
          "private": "eyJlMmJmYjczMC1lY2FhLTExZTYtOGY4OC0zNDM2M2JjN2M0YzAiOnsiY3JlYXRlIjo1NDAwMDAwMDAwMDAwLCJkZWxldGUiOjU0MDAwMDAwMDAwMDAsInJlYWQiOjMwMDAwMDAwMDAwMCwidXBkYXRlIjo1NDAwMDAwMDAwMDAwfX0="
        }
      ]
    },
    {
      "mode": "managed",
      "type": "azurerm_role_assignment",
      "name": "current_user_aks_admin",
      "provider": "provider[\"registry.terraform.io/hashicorp/azurerm\"]",
      "instances": [
        {
          "index_key": 0,
          "schema_version": 0,
          "attributes": {
            "condition": "",
            "condition_version": "",
            "delegated_managed_identity_resource_id": "",
            "description": "",
            "id": "/subscriptions/82f6d75e-85f4-434a-ab74-5dddd9fa8910/resourceGroups/rg-spoke-aks-cluster/providers/Microsoft.ContainerService/managedClusters/aks-cluster/providers/Microsoft.Authorization/roleAssignments/b137da0d-5540-5a5b-5ac5-c1d9759dbda5",
            "name": "b137da0d-5540-5a5b-5ac5-c1d9759dbda5",
            "principal_id": "99b281c9-823c-4633-af92-8ac556a19bee",
            "principal_type": "User",
            "role_definition_id": "/subscriptions/82f6d75e-85f4-434a-ab74-5dddd9fa8910/providers/Microsoft.Authorization/roleDefinitions/b1ff04bb-8a4e-4dc4-8eb5-8693973ce19b",
            "role_definition_name": "Azure Kubernetes Service RBAC Cluster Admin",
            "scope": "/subscriptions/82f6d75e-85f4-434a-ab74-5dddd9fa8910/resourceGroups/rg-spoke-aks-cluster/providers/Microsoft.ContainerService/managedClusters/aks-cluster",
            "skip_service_principal_aad_check": false,
            "timeouts": {
              "create": "2m",
              "delete": "2m",
              "read": null,
              "update": "2m"
            }
          },
          "sensitive_attributes": [],
          "private": "eyJlMmJmYjczMC1lY2FhLTExZTYtOGY4OC0zNDM2M2JjN2M0YzAiOnsiY3JlYXRlIjoxMjAwMDAwMDAwMDAsImRlbGV0ZSI6MTIwMDAwMDAwMDAwLCJyZWFkIjozMDAwMDAwMDAwMDAsInVwZGF0ZSI6MTIwMDAwMDAwMDAwfX0=",
          "dependencies": [
            "azuread_group.aks_admins",
            "azurerm_kubernetes_cluster.aks",
            "azurerm_private_dns_zone.private_dns_zone_aks",
            "azurerm_resource_group.rg_spoke_aks_cluster",
            "azurerm_subnet.subnet_apiserver",
            "azurerm_subnet.subnet_nodes",
            "azurerm_subnet.subnet_pods",
            "azurerm_user_assigned_identity.identity-kubelet",
            "azurerm_user_assigned_identity.identity_aks",
            "data.azuread_client_config.current",
            "data.azurerm_subscription.subscription_spoke",
            "data.terraform_remote_state.management",
            "data.terraform_remote_state.spoke_aks"
          ]
        }
      ]
    },
    {
      "mode": "managed",
      "type": "azurerm_role_assignment",
      "name": "role_acrpull",
      "provider": "provider[\"registry.terraform.io/hashicorp/azurerm\"]",
      "instances": [
        {
          "schema_version": 0,
          "attributes": {
            "condition": "",
            "condition_version": "",
            "delegated_managed_identity_resource_id": "",
            "description": "",
            "id": "/subscriptions/82f6d75e-85f4-434a-ab74-5dddd9fa8910/resourceGroups/rg-spoke-aks/providers/Microsoft.ContainerRegistry/registries/acrforakstf01357/providers/Microsoft.Authorization/roleAssignments/2ecc6713-0044-dc74-a131-bdca01d89a2f",
            "name": "2ecc6713-0044-dc74-a131-bdca01d89a2f",
            "principal_id": "04fa7c66-b9f1-440f-bf7b-c39b755c9a60",
            "principal_type": "ServicePrincipal",
            "role_definition_id": "/subscriptions/82f6d75e-85f4-434a-ab74-5dddd9fa8910/providers/Microsoft.Authorization/roleDefinitions/7f951dda-4ed3-4680-a7ca-43fe172d538d",
            "role_definition_name": "AcrPull",
            "scope": "/subscriptions/82f6d75e-85f4-434a-ab74-5dddd9fa8910/resourceGroups/rg-spoke-aks/providers/Microsoft.ContainerRegistry/registries/acrforakstf01357",
            "skip_service_principal_aad_check": true,
            "timeouts": null
          },
          "sensitive_attributes": [],
          "private": "eyJlMmJmYjczMC1lY2FhLTExZTYtOGY4OC0zNDM2M2JjN2M0YzAiOnsiY3JlYXRlIjoxODAwMDAwMDAwMDAwLCJkZWxldGUiOjE4MDAwMDAwMDAwMDAsInJlYWQiOjMwMDAwMDAwMDAwMCwidXBkYXRlIjoxODAwMDAwMDAwMDAwfX0=",
          "dependencies": [
            "azurerm_resource_group.rg_spoke_aks_cluster",
            "azurerm_user_assigned_identity.identity-kubelet",
            "data.terraform_remote_state.spoke_aks"
          ]
        }
      ]
    },
    {
      "mode": "managed",
      "type": "azurerm_role_assignment",
      "name": "role_appgw_contributor",
      "provider": "provider[\"registry.terraform.io/hashicorp/azurerm\"]",
      "instances": [
        {
          "index_key": 0,
          "schema_version": 0,
          "attributes": {
            "condition": "",
            "condition_version": "",
            "delegated_managed_identity_resource_id": "",
            "description": "",
            "id": "/subscriptions/82f6d75e-85f4-434a-ab74-5dddd9fa8910/resourceGroups/rg-spoke-aks/providers/Microsoft.Network/applicationGateways/appgw-aks/providers/Microsoft.Authorization/roleAssignments/0dbc0ecc-e495-dabc-a401-5d2fdd9769a1",
            "name": "0dbc0ecc-e495-dabc-a401-5d2fdd9769a1",
            "principal_id": "bab5d3cb-c4c7-4c26-98b6-aa503b8fa436",
            "principal_type": "ServicePrincipal",
            "role_definition_id": "/subscriptions/82f6d75e-85f4-434a-ab74-5dddd9fa8910/providers/Microsoft.Authorization/roleDefinitions/b24988ac-6180-42a0-ab88-20f7382dd24c",
            "role_definition_name": "Contributor",
            "scope": "/subscriptions/82f6d75e-85f4-434a-ab74-5dddd9fa8910/resourceGroups/rg-spoke-aks/providers/Microsoft.Network/applicationGateways/appgw-aks",
            "skip_service_principal_aad_check": null,
            "timeouts": null
          },
          "sensitive_attributes": [],
          "private": "eyJlMmJmYjczMC1lY2FhLTExZTYtOGY4OC0zNDM2M2JjN2M0YzAiOnsiY3JlYXRlIjoxODAwMDAwMDAwMDAwLCJkZWxldGUiOjE4MDAwMDAwMDAwMDAsInJlYWQiOjMwMDAwMDAwMDAwMCwidXBkYXRlIjoxODAwMDAwMDAwMDAwfX0=",
          "dependencies": [
            "azuread_group.aks_admins",
            "azurerm_kubernetes_cluster.aks",
            "azurerm_private_dns_zone.private_dns_zone_aks",
            "azurerm_resource_group.rg_spoke_aks_cluster",
            "azurerm_subnet.subnet_apiserver",
            "azurerm_subnet.subnet_nodes",
            "azurerm_subnet.subnet_pods",
            "azurerm_user_assigned_identity.identity-kubelet",
            "azurerm_user_assigned_identity.identity_aks",
            "data.azuread_client_config.current",
            "data.azurerm_subscription.subscription_spoke",
            "data.terraform_remote_state.management",
            "data.terraform_remote_state.spoke_aks"
          ]
        }
      ]
    },
    {
      "mode": "managed",
      "type": "azurerm_role_assignment",
      "name": "role_identity_aks_contributor",
      "provider": "provider[\"registry.terraform.io/hashicorp/azurerm\"]",
      "instances": [
        {
          "schema_version": 0,
          "attributes": {
            "condition": "",
            "condition_version": "",
            "delegated_managed_identity_resource_id": "",
            "description": "",
            "id": "/subscriptions/82f6d75e-85f4-434a-ab74-5dddd9fa8910/resourceGroups/rg-spoke-aks-cluster/providers/Microsoft.Authorization/roleAssignments/12965356-6d84-f198-36ba-35a8b657e708",
            "name": "12965356-6d84-f198-36ba-35a8b657e708",
            "principal_id": "ca7a41ab-0bf2-4bdb-bcd4-632ffee0aaad",
            "principal_type": "ServicePrincipal",
            "role_definition_id": "/subscriptions/82f6d75e-85f4-434a-ab74-5dddd9fa8910/providers/Microsoft.Authorization/roleDefinitions/b24988ac-6180-42a0-ab88-20f7382dd24c",
            "role_definition_name": "Contributor",
            "scope": "/subscriptions/82f6d75e-85f4-434a-ab74-5dddd9fa8910/resourceGroups/rg-spoke-aks-cluster",
            "skip_service_principal_aad_check": true,
            "timeouts": null
          },
          "sensitive_attributes": [],
          "private": "eyJlMmJmYjczMC1lY2FhLTExZTYtOGY4OC0zNDM2M2JjN2M0YzAiOnsiY3JlYXRlIjoxODAwMDAwMDAwMDAwLCJkZWxldGUiOjE4MDAwMDAwMDAwMDAsInJlYWQiOjMwMDAwMDAwMDAwMCwidXBkYXRlIjoxODAwMDAwMDAwMDAwfX0=",
          "dependencies": [
            "azurerm_resource_group.rg_spoke_aks_cluster",
            "azurerm_user_assigned_identity.identity_aks"
          ]
        }
      ]
    },
    {
      "mode": "managed",
      "type": "azurerm_role_assignment",
      "name": "role_identity_aks_mi_operator",
      "provider": "provider[\"registry.terraform.io/hashicorp/azurerm\"]",
      "instances": [
        {
          "schema_version": 0,
          "attributes": {
            "condition": "",
            "condition_version": "",
            "delegated_managed_identity_resource_id": "",
            "description": "",
            "id": "/subscriptions/82f6d75e-85f4-434a-ab74-5dddd9fa8910/resourceGroups/rg-spoke-aks-cluster/providers/Microsoft.ManagedIdentity/userAssignedIdentities/identity-kubelet/providers/Microsoft.Authorization/roleAssignments/438dce01-db1c-22b8-f55b-3f43a882d6e8",
            "name": "438dce01-db1c-22b8-f55b-3f43a882d6e8",
            "principal_id": "ca7a41ab-0bf2-4bdb-bcd4-632ffee0aaad",
            "principal_type": "ServicePrincipal",
            "role_definition_id": "/subscriptions/82f6d75e-85f4-434a-ab74-5dddd9fa8910/providers/Microsoft.Authorization/roleDefinitions/f1a07417-d97a-45cb-824c-7a7467783830",
            "role_definition_name": "Managed Identity Operator",
            "scope": "/subscriptions/82f6d75e-85f4-434a-ab74-5dddd9fa8910/resourceGroups/rg-spoke-aks-cluster/providers/Microsoft.ManagedIdentity/userAssignedIdentities/identity-kubelet",
            "skip_service_principal_aad_check": true,
            "timeouts": null
          },
          "sensitive_attributes": [],
          "private": "eyJlMmJmYjczMC1lY2FhLTExZTYtOGY4OC0zNDM2M2JjN2M0YzAiOnsiY3JlYXRlIjoxODAwMDAwMDAwMDAwLCJkZWxldGUiOjE4MDAwMDAwMDAwMDAsInJlYWQiOjMwMDAwMDAwMDAwMCwidXBkYXRlIjoxODAwMDAwMDAwMDAwfX0=",
          "dependencies": [
            "azurerm_resource_group.rg_spoke_aks_cluster",
            "azurerm_user_assigned_identity.identity-kubelet",
            "azurerm_user_assigned_identity.identity_aks"
          ]
        }
      ]
    },
    {
      "mode": "managed",
      "type": "azurerm_role_assignment",
      "name": "role_identity_aks_network_contributor",
      "provider": "provider[\"registry.terraform.io/hashicorp/azurerm\"]",
      "instances": [
        {
          "schema_version": 0,
          "attributes": {
            "condition": "",
            "condition_version": "",
            "delegated_managed_identity_resource_id": "",
            "description": "",
            "id": "/subscriptions/82f6d75e-85f4-434a-ab74-5dddd9fa8910/resourceGroups/rg-spoke-aks/providers/Microsoft.Network/virtualNetworks/vnet-spoke-aks/providers/Microsoft.Authorization/roleAssignments/ae9c2ceb-0874-b26a-2b1f-cb6788b1e436",
            "name": "ae9c2ceb-0874-b26a-2b1f-cb6788b1e436",
            "principal_id": "ca7a41ab-0bf2-4bdb-bcd4-632ffee0aaad",
            "principal_type": "ServicePrincipal",
            "role_definition_id": "/subscriptions/82f6d75e-85f4-434a-ab74-5dddd9fa8910/providers/Microsoft.Authorization/roleDefinitions/4d97b98b-1d4f-4787-a291-c67834d212e7",
            "role_definition_name": "Network Contributor",
            "scope": "/subscriptions/82f6d75e-85f4-434a-ab74-5dddd9fa8910/resourceGroups/rg-spoke-aks/providers/Microsoft.Network/virtualNetworks/vnet-spoke-aks",
            "skip_service_principal_aad_check": true,
            "timeouts": null
          },
          "sensitive_attributes": [],
          "private": "eyJlMmJmYjczMC1lY2FhLTExZTYtOGY4OC0zNDM2M2JjN2M0YzAiOnsiY3JlYXRlIjoxODAwMDAwMDAwMDAwLCJkZWxldGUiOjE4MDAwMDAwMDAwMDAsInJlYWQiOjMwMDAwMDAwMDAwMCwidXBkYXRlIjoxODAwMDAwMDAwMDAwfX0=",
          "dependencies": [
            "azurerm_resource_group.rg_spoke_aks_cluster",
            "azurerm_user_assigned_identity.identity_aks",
            "data.terraform_remote_state.spoke_aks"
          ]
        }
      ]
    },
    {
      "mode": "managed",
      "type": "azurerm_role_assignment",
      "name": "role_identity_aks_network_contributor_subnet_apiserver",
      "provider": "provider[\"registry.terraform.io/hashicorp/azurerm\"]",
      "instances": [
        {
          "index_key": 0,
          "schema_version": 0,
          "attributes": {
            "condition": "",
            "condition_version": "",
            "delegated_managed_identity_resource_id": "",
            "description": "",
            "id": "/subscriptions/82f6d75e-85f4-434a-ab74-5dddd9fa8910/resourceGroups/rg-spoke-aks/providers/Microsoft.Network/virtualNetworks/vnet-spoke-aks/subnets/subnet-apiserver/providers/Microsoft.Authorization/roleAssignments/c35432d1-e53f-d66a-71f3-2c56f66dc340",
            "name": "c35432d1-e53f-d66a-71f3-2c56f66dc340",
            "principal_id": "ca7a41ab-0bf2-4bdb-bcd4-632ffee0aaad",
            "principal_type": "ServicePrincipal",
            "role_definition_id": "/subscriptions/82f6d75e-85f4-434a-ab74-5dddd9fa8910/providers/Microsoft.Authorization/roleDefinitions/4d97b98b-1d4f-4787-a291-c67834d212e7",
            "role_definition_name": "Network Contributor",
            "scope": "/subscriptions/82f6d75e-85f4-434a-ab74-5dddd9fa8910/resourceGroups/rg-spoke-aks/providers/Microsoft.Network/virtualNetworks/vnet-spoke-aks/subnets/subnet-apiserver",
            "skip_service_principal_aad_check": true,
            "timeouts": null
          },
          "sensitive_attributes": [],
          "private": "eyJlMmJmYjczMC1lY2FhLTExZTYtOGY4OC0zNDM2M2JjN2M0YzAiOnsiY3JlYXRlIjoxODAwMDAwMDAwMDAwLCJkZWxldGUiOjE4MDAwMDAwMDAwMDAsInJlYWQiOjMwMDAwMDAwMDAwMCwidXBkYXRlIjoxODAwMDAwMDAwMDAwfX0=",
          "dependencies": [
            "azurerm_resource_group.rg_spoke_aks_cluster",
            "azurerm_subnet.subnet_apiserver",
            "azurerm_user_assigned_identity.identity_aks",
            "data.terraform_remote_state.spoke_aks"
          ]
        }
      ]
    },
    {
      "mode": "managed",
      "type": "azurerm_subnet",
      "name": "subnet_apiserver",
      "provider": "provider[\"registry.terraform.io/hashicorp/azurerm\"]",
      "instances": [
        {
          "index_key": 0,
          "schema_version": 0,
          "attributes": {
            "address_prefixes": [
              "10.1.4.0/28"
            ],
            "delegation": [
              {
                "name": "Microsoft.ContainerService.managedClusters",
                "service_delegation": [
                  {
                    "actions": [
                      "Microsoft.Network/virtualNetworks/subnets/join/action"
                    ],
                    "name": "Microsoft.ContainerService/managedClusters"
                  }
                ]
              }
            ],
            "enforce_private_link_endpoint_network_policies": false,
            "enforce_private_link_service_network_policies": false,
            "id": "/subscriptions/82f6d75e-85f4-434a-ab74-5dddd9fa8910/resourceGroups/rg-spoke-aks/providers/Microsoft.Network/virtualNetworks/vnet-spoke-aks/subnets/subnet-apiserver",
            "name": "subnet-apiserver",
            "private_endpoint_network_policies_enabled": true,
            "private_link_service_network_policies_enabled": true,
            "resource_group_name": "rg-spoke-aks",
            "service_endpoint_policy_ids": [],
            "service_endpoints": [],
            "timeouts": null,
            "virtual_network_name": "vnet-spoke-aks"
          },
          "sensitive_attributes": [],
          "private": "eyJlMmJmYjczMC1lY2FhLTExZTYtOGY4OC0zNDM2M2JjN2M0YzAiOnsiY3JlYXRlIjoxODAwMDAwMDAwMDAwLCJkZWxldGUiOjE4MDAwMDAwMDAwMDAsInJlYWQiOjMwMDAwMDAwMDAwMCwidXBkYXRlIjoxODAwMDAwMDAwMDAwfX0=",
          "dependencies": [
            "data.terraform_remote_state.spoke_aks"
          ]
        }
      ]
    },
    {
      "mode": "managed",
      "type": "azurerm_subnet",
      "name": "subnet_nodes",
      "provider": "provider[\"registry.terraform.io/hashicorp/azurerm\"]",
      "instances": [
        {
          "schema_version": 0,
          "attributes": {
            "address_prefixes": [
              "10.1.3.0/24"
            ],
            "delegation": [],
            "enforce_private_link_endpoint_network_policies": false,
            "enforce_private_link_service_network_policies": false,
            "id": "/subscriptions/82f6d75e-85f4-434a-ab74-5dddd9fa8910/resourceGroups/rg-spoke-aks/providers/Microsoft.Network/virtualNetworks/vnet-spoke-aks/subnets/subnet-nodes",
            "name": "subnet-nodes",
            "private_endpoint_network_policies_enabled": true,
            "private_link_service_network_policies_enabled": true,
            "resource_group_name": "rg-spoke-aks",
            "service_endpoint_policy_ids": [],
            "service_endpoints": [],
            "timeouts": null,
            "virtual_network_name": "vnet-spoke-aks"
          },
          "sensitive_attributes": [],
          "private": "eyJlMmJmYjczMC1lY2FhLTExZTYtOGY4OC0zNDM2M2JjN2M0YzAiOnsiY3JlYXRlIjoxODAwMDAwMDAwMDAwLCJkZWxldGUiOjE4MDAwMDAwMDAwMDAsInJlYWQiOjMwMDAwMDAwMDAwMCwidXBkYXRlIjoxODAwMDAwMDAwMDAwfX0=",
          "dependencies": [
            "data.terraform_remote_state.spoke_aks"
          ]
        }
      ]
    },
    {
      "mode": "managed",
      "type": "azurerm_subnet",
      "name": "subnet_nodes_user_nodepool",
      "provider": "provider[\"registry.terraform.io/hashicorp/azurerm\"]",
      "instances": [
        {
          "index_key": "npmariner",
          "schema_version": 0,
          "attributes": {
            "address_prefixes": [
              "10.1.9.0/24"
            ],
            "delegation": [],
            "enforce_private_link_endpoint_network_policies": false,
            "enforce_private_link_service_network_policies": false,
            "id": "/subscriptions/82f6d75e-85f4-434a-ab74-5dddd9fa8910/resourceGroups/rg-spoke-aks/providers/Microsoft.Network/virtualNetworks/vnet-spoke-aks/subnets/subnet-nodes-npmariner",
            "name": "subnet-nodes-npmariner",
            "private_endpoint_network_policies_enabled": true,
            "private_link_service_network_policies_enabled": true,
            "resource_group_name": "rg-spoke-aks",
            "service_endpoint_policy_ids": null,
            "service_endpoints": null,
            "timeouts": null,
            "virtual_network_name": "vnet-spoke-aks"
          },
          "sensitive_attributes": [],
          "private": "eyJlMmJmYjczMC1lY2FhLTExZTYtOGY4OC0zNDM2M2JjN2M0YzAiOnsiY3JlYXRlIjoxODAwMDAwMDAwMDAwLCJkZWxldGUiOjE4MDAwMDAwMDAwMDAsInJlYWQiOjMwMDAwMDAwMDAwMCwidXBkYXRlIjoxODAwMDAwMDAwMDAwfX0=",
          "dependencies": [
            "data.terraform_remote_state.spoke_aks"
          ]
        },
        {
          "index_key": "npmarinercbl",
          "schema_version": 0,
          "attributes": {
            "address_prefixes": [
              "10.1.11.0/24"
            ],
            "delegation": [],
            "enforce_private_link_endpoint_network_policies": false,
            "enforce_private_link_service_network_policies": false,
            "id": "/subscriptions/82f6d75e-85f4-434a-ab74-5dddd9fa8910/resourceGroups/rg-spoke-aks/providers/Microsoft.Network/virtualNetworks/vnet-spoke-aks/subnets/subnet-nodes-npmarinercbl",
            "name": "subnet-nodes-npmarinercbl",
            "private_endpoint_network_policies_enabled": true,
            "private_link_service_network_policies_enabled": true,
            "resource_group_name": "rg-spoke-aks",
            "service_endpoint_policy_ids": null,
            "service_endpoints": null,
            "timeouts": null,
            "virtual_network_name": "vnet-spoke-aks"
          },
          "sensitive_attributes": [],
          "private": "eyJlMmJmYjczMC1lY2FhLTExZTYtOGY4OC0zNDM2M2JjN2M0YzAiOnsiY3JlYXRlIjoxODAwMDAwMDAwMDAwLCJkZWxldGUiOjE4MDAwMDAwMDAwMDAsInJlYWQiOjMwMDAwMDAwMDAwMCwidXBkYXRlIjoxODAwMDAwMDAwMDAwfX0=",
          "dependencies": [
            "data.terraform_remote_state.spoke_aks"
          ]
        },
        {
          "index_key": "poolappsamd",
          "schema_version": 0,
          "attributes": {
            "address_prefixes": [
              "10.1.7.0/24"
            ],
            "delegation": [],
            "enforce_private_link_endpoint_network_policies": false,
            "enforce_private_link_service_network_policies": false,
            "id": "/subscriptions/82f6d75e-85f4-434a-ab74-5dddd9fa8910/resourceGroups/rg-spoke-aks/providers/Microsoft.Network/virtualNetworks/vnet-spoke-aks/subnets/subnet-nodes-poolappsamd",
            "name": "subnet-nodes-poolappsamd",
            "private_endpoint_network_policies_enabled": true,
            "private_link_service_network_policies_enabled": true,
            "resource_group_name": "rg-spoke-aks",
            "service_endpoint_policy_ids": [],
            "service_endpoints": [],
            "timeouts": null,
            "virtual_network_name": "vnet-spoke-aks"
          },
          "sensitive_attributes": [],
          "private": "eyJlMmJmYjczMC1lY2FhLTExZTYtOGY4OC0zNDM2M2JjN2M0YzAiOnsiY3JlYXRlIjoxODAwMDAwMDAwMDAwLCJkZWxldGUiOjE4MDAwMDAwMDAwMDAsInJlYWQiOjMwMDAwMDAwMDAwMCwidXBkYXRlIjoxODAwMDAwMDAwMDAwfX0=",
          "dependencies": [
            "data.terraform_remote_state.spoke_aks"
          ]
        }
      ]
    },
    {
      "mode": "managed",
      "type": "azurerm_subnet",
      "name": "subnet_pods",
      "provider": "provider[\"registry.terraform.io/hashicorp/azurerm\"]",
      "instances": [
        {
          "schema_version": 0,
          "attributes": {
            "address_prefixes": [
              "10.1.240.0/20"
            ],
            "delegation": [
              {
                "name": "Microsoft.ContainerService.managedClusters",
                "service_delegation": [
                  {
                    "actions": [
                      "Microsoft.Network/virtualNetworks/subnets/join/action"
                    ],
                    "name": "Microsoft.ContainerService/managedClusters"
                  }
                ]
              }
            ],
            "enforce_private_link_endpoint_network_policies": false,
            "enforce_private_link_service_network_policies": false,
            "id": "/subscriptions/82f6d75e-85f4-434a-ab74-5dddd9fa8910/resourceGroups/rg-spoke-aks/providers/Microsoft.Network/virtualNetworks/vnet-spoke-aks/subnets/subnet-pods",
            "name": "subnet-pods",
            "private_endpoint_network_policies_enabled": true,
            "private_link_service_network_policies_enabled": true,
            "resource_group_name": "rg-spoke-aks",
            "service_endpoint_policy_ids": [],
            "service_endpoints": [],
            "timeouts": null,
            "virtual_network_name": "vnet-spoke-aks"
          },
          "sensitive_attributes": [],
          "private": "eyJlMmJmYjczMC1lY2FhLTExZTYtOGY4OC0zNDM2M2JjN2M0YzAiOnsiY3JlYXRlIjoxODAwMDAwMDAwMDAwLCJkZWxldGUiOjE4MDAwMDAwMDAwMDAsInJlYWQiOjMwMDAwMDAwMDAwMCwidXBkYXRlIjoxODAwMDAwMDAwMDAwfX0=",
          "dependencies": [
            "data.terraform_remote_state.spoke_aks"
          ]
        }
      ]
    },
    {
      "mode": "managed",
      "type": "azurerm_subnet",
      "name": "subnet_pods_user_nodepool",
      "provider": "provider[\"registry.terraform.io/hashicorp/azurerm\"]",
      "instances": [
        {
          "index_key": "npmariner",
          "schema_version": 0,
          "attributes": {
            "address_prefixes": [
              "10.1.10.0/24"
            ],
            "delegation": [
              {
                "name": "Microsoft.ContainerService.managedClusters",
                "service_delegation": [
                  {
                    "actions": [
                      "Microsoft.Network/virtualNetworks/subnets/join/action"
                    ],
                    "name": "Microsoft.ContainerService/managedClusters"
                  }
                ]
              }
            ],
            "enforce_private_link_endpoint_network_policies": false,
            "enforce_private_link_service_network_policies": false,
            "id": "/subscriptions/82f6d75e-85f4-434a-ab74-5dddd9fa8910/resourceGroups/rg-spoke-aks/providers/Microsoft.Network/virtualNetworks/vnet-spoke-aks/subnets/subnet-pods-npmariner",
            "name": "subnet-pods-npmariner",
            "private_endpoint_network_policies_enabled": true,
            "private_link_service_network_policies_enabled": true,
            "resource_group_name": "rg-spoke-aks",
            "service_endpoint_policy_ids": null,
            "service_endpoints": null,
            "timeouts": null,
            "virtual_network_name": "vnet-spoke-aks"
          },
          "sensitive_attributes": [],
          "private": "eyJlMmJmYjczMC1lY2FhLTExZTYtOGY4OC0zNDM2M2JjN2M0YzAiOnsiY3JlYXRlIjoxODAwMDAwMDAwMDAwLCJkZWxldGUiOjE4MDAwMDAwMDAwMDAsInJlYWQiOjMwMDAwMDAwMDAwMCwidXBkYXRlIjoxODAwMDAwMDAwMDAwfX0=",
          "dependencies": [
            "data.terraform_remote_state.spoke_aks"
          ]
        },
        {
          "index_key": "npmarinercbl",
          "schema_version": 0,
          "attributes": {
            "address_prefixes": [
              "10.1.12.0/24"
            ],
            "delegation": [
              {
                "name": "Microsoft.ContainerService.managedClusters",
                "service_delegation": [
                  {
                    "actions": [
                      "Microsoft.Network/virtualNetworks/subnets/join/action"
                    ],
                    "name": "Microsoft.ContainerService/managedClusters"
                  }
                ]
              }
            ],
            "enforce_private_link_endpoint_network_policies": false,
            "enforce_private_link_service_network_policies": false,
            "id": "/subscriptions/82f6d75e-85f4-434a-ab74-5dddd9fa8910/resourceGroups/rg-spoke-aks/providers/Microsoft.Network/virtualNetworks/vnet-spoke-aks/subnets/subnet-pods-npmarinercbl",
            "name": "subnet-pods-npmarinercbl",
            "private_endpoint_network_policies_enabled": true,
            "private_link_service_network_policies_enabled": true,
            "resource_group_name": "rg-spoke-aks",
            "service_endpoint_policy_ids": null,
            "service_endpoints": null,
            "timeouts": null,
            "virtual_network_name": "vnet-spoke-aks"
          },
          "sensitive_attributes": [],
          "private": "eyJlMmJmYjczMC1lY2FhLTExZTYtOGY4OC0zNDM2M2JjN2M0YzAiOnsiY3JlYXRlIjoxODAwMDAwMDAwMDAwLCJkZWxldGUiOjE4MDAwMDAwMDAwMDAsInJlYWQiOjMwMDAwMDAwMDAwMCwidXBkYXRlIjoxODAwMDAwMDAwMDAwfX0=",
          "dependencies": [
            "data.terraform_remote_state.spoke_aks"
          ]
        },
        {
          "index_key": "poolappsamd",
          "schema_version": 0,
          "attributes": {
            "address_prefixes": [
              "10.1.8.0/24"
            ],
            "delegation": [
              {
                "name": "Microsoft.ContainerService.managedClusters",
                "service_delegation": [
                  {
                    "actions": [
                      "Microsoft.Network/virtualNetworks/subnets/join/action"
                    ],
                    "name": "Microsoft.ContainerService/managedClusters"
                  }
                ]
              }
            ],
            "enforce_private_link_endpoint_network_policies": false,
            "enforce_private_link_service_network_policies": false,
            "id": "/subscriptions/82f6d75e-85f4-434a-ab74-5dddd9fa8910/resourceGroups/rg-spoke-aks/providers/Microsoft.Network/virtualNetworks/vnet-spoke-aks/subnets/subnet-pods-poolappsamd",
            "name": "subnet-pods-poolappsamd",
            "private_endpoint_network_policies_enabled": true,
            "private_link_service_network_policies_enabled": true,
            "resource_group_name": "rg-spoke-aks",
            "service_endpoint_policy_ids": [],
            "service_endpoints": [],
            "timeouts": null,
            "virtual_network_name": "vnet-spoke-aks"
          },
          "sensitive_attributes": [],
          "private": "eyJlMmJmYjczMC1lY2FhLTExZTYtOGY4OC0zNDM2M2JjN2M0YzAiOnsiY3JlYXRlIjoxODAwMDAwMDAwMDAwLCJkZWxldGUiOjE4MDAwMDAwMDAwMDAsInJlYWQiOjMwMDAwMDAwMDAwMCwidXBkYXRlIjoxODAwMDAwMDAwMDAwfX0=",
          "dependencies": [
            "data.terraform_remote_state.spoke_aks"
          ]
        }
      ]
    },
    {
      "mode": "managed",
      "type": "azurerm_user_assigned_identity",
      "name": "identity-kubelet",
      "provider": "provider[\"registry.terraform.io/hashicorp/azurerm\"]",
      "instances": [
        {
          "schema_version": 1,
          "attributes": {
            "client_id": "a0d63398-2539-44b5-90b8-66af44ef4c57",
            "id": "/subscriptions/82f6d75e-85f4-434a-ab74-5dddd9fa8910/resourceGroups/rg-spoke-aks-cluster/providers/Microsoft.ManagedIdentity/userAssignedIdentities/identity-kubelet",
            "location": "westeurope",
            "name": "identity-kubelet",
            "principal_id": "04fa7c66-b9f1-440f-bf7b-c39b755c9a60",
            "resource_group_name": "rg-spoke-aks-cluster",
            "tags": {
              "architecture": "Hub\u0026Spoke",
              "environment": "development",
              "source": "terraform"
            },
            "tenant_id": "16b3c013-d300-468d-ac64-7eda0820b6d3",
            "timeouts": null
          },
          "sensitive_attributes": [],
          "private": "eyJlMmJmYjczMC1lY2FhLTExZTYtOGY4OC0zNDM2M2JjN2M0YzAiOnsiY3JlYXRlIjoxODAwMDAwMDAwMDAwLCJkZWxldGUiOjE4MDAwMDAwMDAwMDAsInJlYWQiOjMwMDAwMDAwMDAwMCwidXBkYXRlIjoxODAwMDAwMDAwMDAwfSwic2NoZW1hX3ZlcnNpb24iOiIxIn0=",
          "dependencies": [
            "azurerm_resource_group.rg_spoke_aks_cluster"
          ]
        }
      ]
    },
    {
      "mode": "managed",
      "type": "azurerm_user_assigned_identity",
      "name": "identity_aks",
      "provider": "provider[\"registry.terraform.io/hashicorp/azurerm\"]",
      "instances": [
        {
          "schema_version": 1,
          "attributes": {
            "client_id": "88303f73-a17b-4095-aa61-0a70c857090b",
            "id": "/subscriptions/82f6d75e-85f4-434a-ab74-5dddd9fa8910/resourceGroups/rg-spoke-aks-cluster/providers/Microsoft.ManagedIdentity/userAssignedIdentities/identity-aks",
            "location": "westeurope",
            "name": "identity-aks",
            "principal_id": "ca7a41ab-0bf2-4bdb-bcd4-632ffee0aaad",
            "resource_group_name": "rg-spoke-aks-cluster",
            "tags": {
              "architecture": "Hub\u0026Spoke",
              "environment": "development",
              "source": "terraform"
            },
            "tenant_id": "16b3c013-d300-468d-ac64-7eda0820b6d3",
            "timeouts": null
          },
          "sensitive_attributes": [],
          "private": "eyJlMmJmYjczMC1lY2FhLTExZTYtOGY4OC0zNDM2M2JjN2M0YzAiOnsiY3JlYXRlIjoxODAwMDAwMDAwMDAwLCJkZWxldGUiOjE4MDAwMDAwMDAwMDAsInJlYWQiOjMwMDAwMDAwMDAwMCwidXBkYXRlIjoxODAwMDAwMDAwMDAwfSwic2NoZW1hX3ZlcnNpb24iOiIxIn0=",
          "dependencies": [
            "azurerm_resource_group.rg_spoke_aks_cluster"
          ]
        }
      ]
    },
    {
      "mode": "managed",
      "type": "null_resource",
      "name": "aks_enable_azuremonitormetrics",
      "provider": "provider[\"registry.terraform.io/hashicorp/null\"]",
      "instances": [
        {
          "index_key": 0,
          "schema_version": 0,
          "attributes": {
            "id": "7276392621445560170",
            "triggers": {
              "key": "value1"
            }
          },
          "sensitive_attributes": [],
          "dependencies": [
            "azuread_group.aks_admins",
            "azurerm_kubernetes_cluster.aks",
            "azurerm_kubernetes_cluster_node_pool.poolapps",
            "azurerm_kubernetes_cluster_node_pool.poolspot",
            "azurerm_private_dns_zone.private_dns_zone_aks",
            "azurerm_resource_group.rg_spoke_aks_cluster",
            "azurerm_subnet.subnet_apiserver",
            "azurerm_subnet.subnet_nodes",
            "azurerm_subnet.subnet_nodes_user_nodepool",
            "azurerm_subnet.subnet_pods",
            "azurerm_subnet.subnet_pods_user_nodepool",
            "azurerm_user_assigned_identity.identity-kubelet",
            "azurerm_user_assigned_identity.identity_aks",
            "data.azuread_client_config.current",
            "data.azurerm_subscription.subscription_spoke",
            "data.terraform_remote_state.management",
            "data.terraform_remote_state.spoke_aks"
          ]
        }
      ]
    },
    {
      "mode": "managed",
      "type": "null_resource",
      "name": "connect_to_aks",
      "provider": "provider[\"registry.terraform.io/hashicorp/null\"]",
      "instances": [
        {
          "schema_version": 0,
          "attributes": {
            "id": "4221946682554545180",
            "triggers": {
              "key": "value2"
            }
          },
          "sensitive_attributes": [],
          "dependencies": [
            "azuread_group.aks_admins",
            "azurerm_kubernetes_cluster.aks",
            "azurerm_kubernetes_cluster_node_pool.poolapps",
            "azurerm_kubernetes_cluster_node_pool.poolspot",
            "azurerm_private_dns_zone.private_dns_zone_aks",
            "azurerm_resource_group.rg_spoke_aks_cluster",
            "azurerm_subnet.subnet_apiserver",
            "azurerm_subnet.subnet_nodes",
            "azurerm_subnet.subnet_nodes_user_nodepool",
            "azurerm_subnet.subnet_pods",
            "azurerm_subnet.subnet_pods_user_nodepool",
            "azurerm_user_assigned_identity.identity-kubelet",
            "azurerm_user_assigned_identity.identity_aks",
            "data.azuread_client_config.current",
            "data.azurerm_subscription.subscription_spoke",
            "data.terraform_remote_state.management",
            "data.terraform_remote_state.spoke_aks"
          ]
        }
      ]
    }
  ],
  "check_results": null
}
