{
  "version": 4,
  "terraform_version": "1.10.4",
  "serial": 32,
  "lineage": "998c1d75-1ea2-6cc8-cfe1-85c97e58cea7",
  "outputs": {
    "aks_latest_version": {
      "value": "1.31.3",
      "type": "string"
    },
    "rg": {
      "value": {
        "name": "rg-lzaks-spoke-aks-cluster"
      },
      "type": [
        "object",
        {
          "name": "string"
        }
      ]
    }
  },
  "resources": [
    {
      "mode": "data",
      "type": "azuread_client_config",
      "name": "current",
      "provider": "provider[\"registry.terraform.io/hashicorp/azuread\"]",
      "instances": [
        {
          "schema_version": 0,
          "attributes": {
            "client_id": "04b07795-8ddb-461a-bbee-02f9e1bf7b46",
            "id": "93139d1e-a3c1-4d78-9ed5-878be090eba4-04b07795-8ddb-461a-bbee-02f9e1bf7b46-8173c45d-035e-4692-8f40-540cd5fc0f18",
            "object_id": "8173c45d-035e-4692-8f40-540cd5fc0f18",
            "tenant_id": "93139d1e-a3c1-4d78-9ed5-878be090eba4",
            "timeouts": null
          },
          "sensitive_attributes": []
        }
      ]
    },
    {
      "mode": "data",
      "type": "azuread_service_principal",
      "name": "aks_aad_server",
      "provider": "provider[\"registry.terraform.io/hashicorp/azuread\"]",
      "instances": [
        {
          "schema_version": 0,
          "attributes": {
            "account_enabled": true,
            "alternative_names": [],
            "app_role_assignment_required": false,
            "app_role_ids": {},
            "app_roles": [],
            "application_tenant_id": "f8cdef31-a31e-4b4a-93e4-5f571e91255a",
            "client_id": "6dae42f8-4368-4678-94ff-3960e28e3630",
            "description": "",
            "display_name": "Azure Kubernetes Service AAD Server",
            "feature_tags": [
              {
                "custom_single_sign_on": false,
                "enterprise": false,
                "gallery": false,
                "hide": false
              }
            ],
            "features": [
              {
                "custom_single_sign_on_app": false,
                "enterprise_application": false,
                "gallery_application": false,
                "visible_to_users": true
              }
            ],
            "homepage_url": "",
            "id": "/servicePrincipals/29d0a25f-4c41-4196-9461-d76b66455dd1",
            "login_url": "",
            "logout_url": "",
            "notes": "",
            "notification_email_addresses": [],
            "oauth2_permission_scope_ids": {
              "user.read": "34a47c2f-cd0d-47b4-a93c-2c41130c671c"
            },
            "oauth2_permission_scopes": [
              {
                "admin_consent_description": "this allows to read user profile",
                "admin_consent_display_name": "user.read",
                "enabled": true,
                "id": "34a47c2f-cd0d-47b4-a93c-2c41130c671c",
                "type": "User",
                "user_consent_description": "this allows to read user profile",
                "user_consent_display_name": "user.read",
                "value": "user.read"
              }
            ],
            "object_id": "29d0a25f-4c41-4196-9461-d76b66455dd1",
            "preferred_single_sign_on_mode": "",
            "redirect_uris": [],
            "saml_metadata_url": "",
            "saml_single_sign_on": [],
            "service_principal_names": [
              "https://aks-aad-server.azure.com"
            ],
            "sign_in_audience": "AzureADMultipleOrgs",
            "tags": [],
            "timeouts": null,
            "type": "Application"
          },
          "sensitive_attributes": []
        }
      ]
    },
    {
      "mode": "data",
      "type": "azurerm_client_config",
      "name": "current",
      "provider": "provider[\"registry.terraform.io/hashicorp/azurerm\"]",
      "instances": [
        {
          "schema_version": 0,
          "attributes": {
            "client_id": "04b07795-8ddb-461a-bbee-02f9e1bf7b46",
            "id": "Y2xpZW50Q29uZmlncy9jbGllbnRJZD0wNGIwNzc5NS04ZGRiLTQ2MWEtYmJlZS0wMmY5ZTFiZjdiNDY7b2JqZWN0SWQ9ODE3M2M0NWQtMDM1ZS00NjkyLThmNDAtNTQwY2Q1ZmMwZjE4O3N1YnNjcmlwdGlvbklkPWRjZWY3MDA5LTZiOTQtNDM4Mi1hZmRjLTE3ZWIxNjBkNzA5YTt0ZW5hbnRJZD05MzEzOWQxZS1hM2MxLTRkNzgtOWVkNS04NzhiZTA5MGViYTQ=",
            "object_id": "8173c45d-035e-4692-8f40-540cd5fc0f18",
            "subscription_id": "dcef7009-6b94-4382-afdc-17eb160d709a",
            "tenant_id": "93139d1e-a3c1-4d78-9ed5-878be090eba4",
            "timeouts": null
          },
          "sensitive_attributes": []
        }
      ]
    },
    {
      "mode": "data",
      "type": "azurerm_kubernetes_service_versions",
      "name": "aks",
      "provider": "provider[\"registry.terraform.io/hashicorp/azurerm\"]",
      "instances": [
        {
          "schema_version": 0,
          "attributes": {
            "default_version": "1.30.7",
            "id": "/subscriptions/dcef7009-6b94-4382-afdc-17eb160d709a/providers/Microsoft.ContainerService/locations/swedencentral",
            "include_preview": true,
            "latest_version": "1.31.3",
            "location": "swedencentral",
            "timeouts": null,
            "version_prefix": null,
            "versions": [
              "1.29.11",
              "1.29.10",
              "1.29.9",
              "1.29.8",
              "1.29.7",
              "1.29.6",
              "1.29.5",
              "1.29.4",
              "1.29.2",
              "1.29.0",
              "1.28.15",
              "1.28.14",
              "1.28.13",
              "1.28.12",
              "1.28.11",
              "1.28.10",
              "1.28.9",
              "1.28.5",
              "1.28.3",
              "1.28.0",
              "1.31.3",
              "1.31.2",
              "1.31.1",
              "1.30.7",
              "1.30.6",
              "1.30.5",
              "1.30.4",
              "1.30.3",
              "1.30.2",
              "1.30.1",
              "1.30.0"
            ]
          },
          "sensitive_attributes": []
        }
      ]
    },
    {
      "mode": "data",
      "type": "azurerm_subscription",
      "name": "subscription_spoke",
      "provider": "provider[\"registry.terraform.io/hashicorp/azurerm\"]",
      "instances": [
        {
          "schema_version": 0,
          "attributes": {
            "display_name": "ME-MngEnvMCAP784683-hodellai-1",
            "id": "/subscriptions/dcef7009-6b94-4382-afdc-17eb160d709a",
            "location_placement_id": "Internal_2014-09-01",
            "quota_id": "Internal_2014-09-01",
            "spending_limit": "Off",
            "state": "Enabled",
            "subscription_id": "dcef7009-6b94-4382-afdc-17eb160d709a",
            "tags": {
              "Division": "Core",
              "Environment": "Hybrid",
              "Purpose": "UserTenant",
              "TimeZone": "_P29145_France_444350001"
            },
            "tenant_id": "93139d1e-a3c1-4d78-9ed5-878be090eba4",
            "timeouts": null
          },
          "sensitive_attributes": []
        }
      ]
    },
    {
      "mode": "data",
      "type": "http",
      "name": "machine_ip",
      "provider": "provider[\"registry.terraform.io/hashicorp/http\"]",
      "instances": [
        {
          "schema_version": 0,
          "attributes": {
            "body": "176.177.25.47\n",
            "ca_cert_pem": null,
            "id": "http://ifconf.me",
            "insecure": null,
            "method": null,
            "request_body": null,
            "request_headers": {
              "Accept": "application/json"
            },
            "request_timeout_ms": null,
            "response_body": "176.177.25.47\n",
            "response_body_base64": "MTc2LjE3Ny4yNS40Nwo=",
            "response_headers": {
              "Connection": "keep-alive",
              "Content-Length": "14",
              "Content-Type": "application/octet-stream",
              "Date": "Mon, 20 Jan 2025 07:12:55 GMT",
              "Server": "nginx/1.12.2"
            },
            "retry": null,
            "status_code": 200,
            "url": "http://ifconf.me"
          },
          "sensitive_attributes": []
        }
      ]
    },
    {
      "mode": "data",
      "type": "terraform_remote_state",
      "name": "hub",
      "provider": "provider[\"terraform.io/builtin/terraform\"]",
      "instances": [
        {
          "index_key": 0,
          "schema_version": 0,
          "attributes": {
            "backend": "local",
            "config": {
              "value": {
                "path": "../02_hub/terraform.tfstate"
              },
              "type": [
                "object",
                {
                  "path": "string"
                }
              ]
            },
            "defaults": null,
            "outputs": {
              "value": {
                "dns_zone_apps": {
                  "name": "apps.houssem17.com",
                  "resource_group_name": "rg-lzaks-hub"
                },
                "firewall": {
                  "enabled": true,
                  "policy_id": "/subscriptions/dcef7009-6b94-4382-afdc-17eb160d709a/resourceGroups/rg-lzaks-hub/providers/Microsoft.Network/firewallPolicies/firewall-policy",
                  "private_ip": "172.16.0.4"
                },
                "vnet_hub": {
                  "id": "/subscriptions/dcef7009-6b94-4382-afdc-17eb160d709a/resourceGroups/rg-lzaks-hub/providers/Microsoft.Network/virtualNetworks/vnet-hub"
                }
              },
              "type": [
                "object",
                {
                  "dns_zone_apps": [
                    "object",
                    {
                      "name": "string",
                      "resource_group_name": "string"
                    }
                  ],
                  "firewall": [
                    "object",
                    {
                      "enabled": "bool",
                      "policy_id": "string",
                      "private_ip": "string"
                    }
                  ],
                  "vnet_hub": [
                    "object",
                    {
                      "id": "string"
                    }
                  ]
                }
              ]
            },
            "workspace": null
          },
          "sensitive_attributes": []
        }
      ]
    },
    {
      "mode": "data",
      "type": "terraform_remote_state",
      "name": "management",
      "provider": "provider[\"terraform.io/builtin/terraform\"]",
      "instances": [
        {
          "index_key": 0,
          "schema_version": 0,
          "attributes": {
            "backend": "local",
            "config": {
              "value": {
                "path": "../01_management/terraform.tfstate"
              },
              "type": [
                "object",
                {
                  "path": "string"
                }
              ]
            },
            "defaults": null,
            "outputs": {
              "value": {
                "log_analytics_workspace": {
                  "id": "/subscriptions/dcef7009-6b94-4382-afdc-17eb160d709a/resourceGroups/rg-lzaks-management/providers/Microsoft.OperationalInsights/workspaces/loganalyticsforaks011",
                  "location": "swedencentral",
                  "workspace_id": "536cdf18-5dc0-44a9-872a-988147b34ec1"
                }
              },
              "type": [
                "object",
                {
                  "log_analytics_workspace": [
                    "object",
                    {
                      "id": "string",
                      "location": "string",
                      "workspace_id": "string"
                    }
                  ]
                }
              ]
            },
            "workspace": null
          },
          "sensitive_attributes": []
        }
      ]
    },
    {
      "mode": "data",
      "type": "terraform_remote_state",
      "name": "spoke_aks",
      "provider": "provider[\"terraform.io/builtin/terraform\"]",
      "instances": [
        {
          "schema_version": 0,
          "attributes": {
            "backend": "local",
            "config": {
              "value": {
                "path": "../03_spoke_aks_infra/terraform.tfstate"
              },
              "type": [
                "object",
                {
                  "path": "string"
                }
              ]
            },
            "defaults": null,
            "outputs": {
              "value": {
                "acr": {
                  "id": "/subscriptions/dcef7009-6b94-4382-afdc-17eb160d709a/resourceGroups/rg-lzaks-spoke-aks-infra/providers/Microsoft.ContainerRegistry/registries/acrforakstf01357"
                },
                "application_gateway": {
                  "enabled": false,
                  "id": null
                },
                "dns_zone_apps": {
                  "fqdn": null
                },
                "grafana": {
                  "dns_url": "grafana-123579-ccb6adhtbdbzf9g0.cse.grafana.azure.com",
                  "endpoint": "https://grafana-123579-ccb6adhtbdbzf9g0.cse.grafana.azure.com",
                  "id": "/subscriptions/dcef7009-6b94-4382-afdc-17eb160d709a/resourceGroups/rg-lzaks-spoke-aks-infra/providers/Microsoft.Dashboard/grafana/grafana-123579"
                },
                "prometheus": {
                  "data_collection_endpoint_id": "/subscriptions/dcef7009-6b94-4382-afdc-17eb160d709a/resourceGroups/rg-lzaks-spoke-aks-infra/providers/Microsoft.Insights/dataCollectionEndpoints/prometheus-data-collection-endpoint",
                  "data_collection_rule_id": "/subscriptions/dcef7009-6b94-4382-afdc-17eb160d709a/resourceGroups/rg-lzaks-spoke-aks-infra/providers/Microsoft.Insights/dataCollectionRules/prometheus-data-collection-rule",
                  "id": "/subscriptions/dcef7009-6b94-4382-afdc-17eb160d709a/resourceGroups/rg-lzaks-spoke-aks-infra/providers/Microsoft.Monitor/accounts/monitor-workspace-prometheus"
                },
                "route_table": {
                  "id": "/subscriptions/dcef7009-6b94-4382-afdc-17eb160d709a/resourceGroups/rg-lzaks-spoke-aks-infra/providers/Microsoft.Network/routeTables/route-table-to-firewall"
                },
                "snet_aks": {
                  "id": "/subscriptions/dcef7009-6b94-4382-afdc-17eb160d709a/resourceGroups/rg-lzaks-spoke-aks-infra/providers/Microsoft.Network/virtualNetworks/vnet-spoke-aks/subnets/snet-aks"
                },
                "vnet_spoke_aks": {
                  "address_space": [
                    "10.1.0.0/16"
                  ],
                  "id": "/subscriptions/dcef7009-6b94-4382-afdc-17eb160d709a/resourceGroups/rg-lzaks-spoke-aks-infra/providers/Microsoft.Network/virtualNetworks/vnet-spoke-aks",
                  "resource_group_name": "rg-lzaks-spoke-aks-infra",
                  "virtual_network_name": "vnet-spoke-aks"
                }
              },
              "type": [
                "object",
                {
                  "acr": [
                    "object",
                    {
                      "id": "string"
                    }
                  ],
                  "application_gateway": [
                    "object",
                    {
                      "enabled": "bool",
                      "id": "dynamic"
                    }
                  ],
                  "dns_zone_apps": [
                    "object",
                    {
                      "fqdn": "dynamic"
                    }
                  ],
                  "grafana": [
                    "object",
                    {
                      "dns_url": "string",
                      "endpoint": "string",
                      "id": "string"
                    }
                  ],
                  "prometheus": [
                    "object",
                    {
                      "data_collection_endpoint_id": "string",
                      "data_collection_rule_id": "string",
                      "id": "string"
                    }
                  ],
                  "route_table": [
                    "object",
                    {
                      "id": "string"
                    }
                  ],
                  "snet_aks": [
                    "object",
                    {
                      "id": "string"
                    }
                  ],
                  "vnet_spoke_aks": [
                    "object",
                    {
                      "address_space": [
                        "set",
                        "string"
                      ],
                      "id": "string",
                      "resource_group_name": "string",
                      "virtual_network_name": "string"
                    }
                  ]
                }
              ]
            },
            "workspace": null
          },
          "sensitive_attributes": []
        }
      ]
    },
    {
      "mode": "managed",
      "type": "azapi_update_resource",
      "name": "aks_enable_network_observability",
      "provider": "provider[\"registry.terraform.io/azure/azapi\"]",
      "instances": [
        {
          "schema_version": 2,
          "attributes": {
            "body": {
              "value": {
                "properties": {
                  "networkProfile": {
                    "advancedNetworking": {
                      "enabled": true,
                      "observability": {
                        "enabled": true
                      },
                      "security": {
                        "enabled": true
                      }
                    }
                  }
                }
              },
              "type": [
                "object",
                {
                  "properties": [
                    "object",
                    {
                      "networkProfile": [
                        "object",
                        {
                          "advancedNetworking": [
                            "object",
                            {
                              "enabled": "bool",
                              "observability": [
                                "object",
                                {
                                  "enabled": "bool"
                                }
                              ],
                              "security": [
                                "object",
                                {
                                  "enabled": "bool"
                                }
                              ]
                            }
                          ]
                        }
                      ]
                    }
                  ]
                }
              ]
            },
            "id": "/subscriptions/dcef7009-6b94-4382-afdc-17eb160d709a/resourceGroups/rg-lzaks-spoke-aks-cluster/providers/Microsoft.ContainerService/managedClusters/aks-cluster-swc",
            "ignore_casing": false,
            "ignore_missing_property": true,
            "locks": null,
            "name": "aks-cluster-swc",
            "output": {
              "value": {
                "id": "/subscriptions/dcef7009-6b94-4382-afdc-17eb160d709a/resourcegroups/rg-lzaks-spoke-aks-cluster/providers/Microsoft.ContainerService/managedClusters/aks-cluster-swc",
                "identity": {
                  "userAssignedIdentities": {
                    "/subscriptions/dcef7009-6b94-4382-afdc-17eb160d709a/resourceGroups/rg-lzaks-spoke-aks-cluster/providers/Microsoft.ManagedIdentity/userAssignedIdentities/identity-aks": {
                      "clientId": "93e1684a-537f-4549-8d10-31e4a403d679",
                      "principalId": "99b69ce3-d958-4b2e-8c87-0435b1073ceb"
                    }
                  }
                },
                "properties": {
                  "aadProfile": {
                    "adminGroupObjectIDs": [
                      "85378138-3d69-48b4-8401-171bf3200d57"
                    ]
                  },
                  "addonProfiles": {
                    "ACCSGXDevicePlugin": {
                      "config": {
                        "ACCSGXQuoteHelperEnabled": "false"
                      }
                    },
                    "azureKeyvaultSecretsProvider": {
                      "config": {
                        "enableSecretRotation": "true",
                        "rotationPollInterval": "2m"
                      }
                    },
                    "azurepolicy": {
                      "config": {
                        "version": "v2"
                      }
                    },
                    "omsagent": {
                      "config": {
                        "logAnalyticsWorkspaceResourceID": "/subscriptions/dcef7009-6b94-4382-afdc-17eb160d709a/resourceGroups/rg-lzaks-management/providers/Microsoft.OperationalInsights/workspaces/loganalyticsforaks011",
                        "useAADAuth": "true"
                      }
                    },
                    "openServiceMesh": {}
                  },
                  "agentPoolProfiles": [
                    {
                      "availabilityZones": [
                        "2",
                        "3",
                        "1"
                      ],
                      "currentOrchestratorVersion": "1.31.3",
                      "nodeImageVersion": "AKSUbuntu-2204gen2containerd-202412.29.0",
                      "provisioningState": "Succeeded",
                      "tags": {
                        "architecture": "Hub\u0026Spoke",
                        "environment": "development",
                        "source": "terraform"
                      }
                    },
                    {
                      "availabilityZones": [
                        "2",
                        "3",
                        "1"
                      ],
                      "currentOrchestratorVersion": "1.31.3",
                      "nodeImageVersion": "AKSUbuntu-2204gen2containerd-202412.29.0",
                      "provisioningState": "Succeeded",
                      "tags": {
                        "architecture": "Hub\u0026Spoke",
                        "environment": "development",
                        "source": "terraform"
                      }
                    }
                  ],
                  "apiServerAccessProfile": {
                    "authorizedIPRanges": [
                      "0.0.0.0/0"
                    ]
                  },
                  "azurePortalFQDN": "aks-c40ga64d.portal.hcp.swedencentral.azmk8s.io",
                  "currentKubernetesVersion": "1.31.3",
                  "fqdn": "aks-c40ga64d.hcp.swedencentral.azmk8s.io",
                  "identityProfile": {
                    "kubeletidentity": {}
                  },
                  "maxAgentPools": 100,
                  "networkProfile": {
                    "ipFamilies": [
                      "IPv4"
                    ],
                    "podCidrs": [
                      "10.10.240.0/20"
                    ],
                    "serviceCidrs": [
                      "10.0.0.0/16"
                    ]
                  },
                  "oidcIssuerProfile": {
                    "issuerURL": "https://swedencentral.oic.prod-aks.azure.com/93139d1e-a3c1-4d78-9ed5-878be090eba4/000a16cc-7bd1-49c6-8ecf-18a1cfbdf17f/"
                  },
                  "provisioningState": "Succeeded",
                  "resourceUID": "678cb2df8f2e8000014b1bda"
                },
                "tags": {
                  "architecture": "Hub\u0026Spoke",
                  "environment": "development",
                  "source": "terraform"
                },
                "type": "Microsoft.ContainerService/ManagedClusters"
              },
              "type": [
                "object",
                {
                  "id": "string",
                  "identity": [
                    "object",
                    {
                      "userAssignedIdentities": [
                        "object",
                        {
                          "/subscriptions/dcef7009-6b94-4382-afdc-17eb160d709a/resourceGroups/rg-lzaks-spoke-aks-cluster/providers/Microsoft.ManagedIdentity/userAssignedIdentities/identity-aks": [
                            "object",
                            {
                              "clientId": "string",
                              "principalId": "string"
                            }
                          ]
                        }
                      ]
                    }
                  ],
                  "properties": [
                    "object",
                    {
                      "aadProfile": [
                        "object",
                        {
                          "adminGroupObjectIDs": [
                            "tuple",
                            [
                              "string"
                            ]
                          ]
                        }
                      ],
                      "addonProfiles": [
                        "object",
                        {
                          "ACCSGXDevicePlugin": [
                            "object",
                            {
                              "config": [
                                "object",
                                {
                                  "ACCSGXQuoteHelperEnabled": "string"
                                }
                              ]
                            }
                          ],
                          "azureKeyvaultSecretsProvider": [
                            "object",
                            {
                              "config": [
                                "object",
                                {
                                  "enableSecretRotation": "string",
                                  "rotationPollInterval": "string"
                                }
                              ]
                            }
                          ],
                          "azurepolicy": [
                            "object",
                            {
                              "config": [
                                "object",
                                {
                                  "version": "string"
                                }
                              ]
                            }
                          ],
                          "omsagent": [
                            "object",
                            {
                              "config": [
                                "object",
                                {
                                  "logAnalyticsWorkspaceResourceID": "string",
                                  "useAADAuth": "string"
                                }
                              ]
                            }
                          ],
                          "openServiceMesh": [
                            "object",
                            {}
                          ]
                        }
                      ],
                      "agentPoolProfiles": [
                        "tuple",
                        [
                          [
                            "object",
                            {
                              "availabilityZones": [
                                "tuple",
                                [
                                  "string",
                                  "string",
                                  "string"
                                ]
                              ],
                              "currentOrchestratorVersion": "string",
                              "nodeImageVersion": "string",
                              "provisioningState": "string",
                              "tags": [
                                "object",
                                {
                                  "architecture": "string",
                                  "environment": "string",
                                  "source": "string"
                                }
                              ]
                            }
                          ],
                          [
                            "object",
                            {
                              "availabilityZones": [
                                "tuple",
                                [
                                  "string",
                                  "string",
                                  "string"
                                ]
                              ],
                              "currentOrchestratorVersion": "string",
                              "nodeImageVersion": "string",
                              "provisioningState": "string",
                              "tags": [
                                "object",
                                {
                                  "architecture": "string",
                                  "environment": "string",
                                  "source": "string"
                                }
                              ]
                            }
                          ]
                        ]
                      ],
                      "apiServerAccessProfile": [
                        "object",
                        {
                          "authorizedIPRanges": [
                            "tuple",
                            [
                              "string"
                            ]
                          ]
                        }
                      ],
                      "azurePortalFQDN": "string",
                      "currentKubernetesVersion": "string",
                      "fqdn": "string",
                      "identityProfile": [
                        "object",
                        {
                          "kubeletidentity": [
                            "object",
                            {}
                          ]
                        }
                      ],
                      "maxAgentPools": "number",
                      "networkProfile": [
                        "object",
                        {
                          "ipFamilies": [
                            "tuple",
                            [
                              "string"
                            ]
                          ],
                          "podCidrs": [
                            "tuple",
                            [
                              "string"
                            ]
                          ],
                          "serviceCidrs": [
                            "tuple",
                            [
                              "string"
                            ]
                          ]
                        }
                      ],
                      "oidcIssuerProfile": [
                        "object",
                        {
                          "issuerURL": "string"
                        }
                      ],
                      "provisioningState": "string",
                      "resourceUID": "string"
                    }
                  ],
                  "tags": [
                    "object",
                    {
                      "architecture": "string",
                      "environment": "string",
                      "source": "string"
                    }
                  ],
                  "type": "string"
                }
              ]
            },
            "parent_id": "/subscriptions/dcef7009-6b94-4382-afdc-17eb160d709a/resourceGroups/rg-lzaks-spoke-aks-cluster",
            "read_headers": null,
            "read_query_parameters": null,
            "resource_id": "/subscriptions/dcef7009-6b94-4382-afdc-17eb160d709a/resourceGroups/rg-lzaks-spoke-aks-cluster/providers/Microsoft.ContainerService/managedClusters/aks-cluster-swc",
            "response_export_values": null,
            "retry": null,
            "timeouts": null,
            "type": "Microsoft.ContainerService/managedClusters@2024-09-01",
            "update_headers": null,
            "update_query_parameters": null
          },
          "sensitive_attributes": [],
          "dependencies": [
            "azuread_group.aks_admins",
            "azurerm_kubernetes_cluster.aks",
            "azurerm_kubernetes_cluster_node_pool.poolapps",
            "azurerm_kubernetes_cluster_node_pool.poolspot",
            "azurerm_private_dns_zone.private_dns_zone_aks",
            "azurerm_resource_group.rg",
            "azurerm_subnet.subnet_nodes_user_nodepool_spot",
            "azurerm_subnet.subnet_pods_user_nodepool_spot",
            "azurerm_user_assigned_identity.identity-kubelet",
            "azurerm_user_assigned_identity.identity_aks",
            "data.azuread_client_config.current",
            "data.azurerm_subscription.subscription_spoke",
            "data.terraform_remote_state.management",
            "data.terraform_remote_state.spoke_aks"
          ]
        }
      ]
    },
    {
      "mode": "managed",
      "type": "azuread_group",
      "name": "aks_admins",
      "provider": "provider[\"registry.terraform.io/hashicorp/azuread\"]",
      "instances": [
        {
          "index_key": 0,
          "schema_version": 1,
          "attributes": {
            "administrative_unit_ids": [],
            "assignable_to_role": false,
            "auto_subscribe_new_members": false,
            "behaviors": [],
            "description": "",
            "display_name": "aad_group_aks_admins",
            "dynamic_membership": [],
            "external_senders_allowed": false,
            "hide_from_address_lists": false,
            "hide_from_outlook_clients": false,
            "id": "/groups/85378138-3d69-48b4-8401-171bf3200d57",
            "mail": "",
            "mail_enabled": false,
            "mail_nickname": "8a72685a-b",
            "members": [
              "8173c45d-035e-4692-8f40-540cd5fc0f18"
            ],
            "object_id": "85378138-3d69-48b4-8401-171bf3200d57",
            "onpremises_domain_name": "",
            "onpremises_group_type": "",
            "onpremises_netbios_name": "",
            "onpremises_sam_account_name": "",
            "onpremises_security_identifier": "",
            "onpremises_sync_enabled": false,
            "owners": [
              "8173c45d-035e-4692-8f40-540cd5fc0f18"
            ],
            "preferred_language": "",
            "prevent_duplicate_names": false,
            "provisioning_options": [],
            "proxy_addresses": [],
            "security_enabled": true,
            "theme": "",
            "timeouts": null,
            "types": [],
            "visibility": "",
            "writeback_enabled": false
          },
          "sensitive_attributes": [],
          "private": "eyJlMmJmYjczMC1lY2FhLTExZTYtOGY4OC0zNDM2M2JjN2M0YzAiOnsiY3JlYXRlIjoxMjAwMDAwMDAwMDAwLCJkZWxldGUiOjMwMDAwMDAwMDAwMCwicmVhZCI6MzAwMDAwMDAwMDAwLCJ1cGRhdGUiOjEyMDAwMDAwMDAwMDB9LCJzY2hlbWFfdmVyc2lvbiI6IjEifQ==",
          "dependencies": [
            "data.azuread_client_config.current"
          ]
        }
      ]
    },
    {
      "mode": "managed",
      "type": "azurerm_kubernetes_cluster",
      "name": "aks",
      "provider": "provider[\"registry.terraform.io/hashicorp/azurerm\"]",
      "instances": [
        {
          "schema_version": 2,
          "attributes": {
            "aci_connector_linux": [],
            "api_server_access_profile": [
              {
                "authorized_ip_ranges": [
                  "0.0.0.0/0"
                ]
              }
            ],
            "auto_scaler_profile": [
              {
                "balance_similar_node_groups": false,
                "daemonset_eviction_for_empty_nodes_enabled": false,
                "daemonset_eviction_for_occupied_nodes_enabled": true,
                "empty_bulk_delete_max": "10",
                "expander": "random",
                "ignore_daemonsets_utilization_enabled": false,
                "max_graceful_termination_sec": "600",
                "max_node_provisioning_time": "15m",
                "max_unready_nodes": 3,
                "max_unready_percentage": 45,
                "new_pod_scale_up_delay": "10s",
                "scale_down_delay_after_add": "10m",
                "scale_down_delay_after_delete": "10s",
                "scale_down_delay_after_failure": "3m",
                "scale_down_unneeded": "10m",
                "scale_down_unready": "20m",
                "scale_down_utilization_threshold": "0.5",
                "scan_interval": "10s",
                "skip_nodes_with_local_storage": true,
                "skip_nodes_with_system_pods": true
              }
            ],
            "automatic_upgrade_channel": "node-image",
            "azure_active_directory_role_based_access_control": [
              {
                "admin_group_object_ids": [
                  "85378138-3d69-48b4-8401-171bf3200d57"
                ],
                "azure_rbac_enabled": true,
                "tenant_id": "93139d1e-a3c1-4d78-9ed5-878be090eba4"
              }
            ],
            "azure_policy_enabled": true,
            "confidential_computing": [
              {
                "sgx_quote_helper_enabled": false
              }
            ],
            "cost_analysis_enabled": false,
            "current_kubernetes_version": "1.31.3",
            "default_node_pool": [
              {
                "auto_scaling_enabled": true,
                "capacity_reservation_group_id": "",
                "fips_enabled": false,
                "gpu_instance": "",
                "host_encryption_enabled": false,
                "host_group_id": "",
                "kubelet_config": [],
                "kubelet_disk_type": "OS",
                "linux_os_config": [],
                "max_count": 3,
                "max_pods": 110,
                "min_count": 1,
                "name": "systempool",
                "node_count": 3,
                "node_labels": {},
                "node_network_profile": [],
                "node_public_ip_enabled": false,
                "node_public_ip_prefix_id": "",
                "only_critical_addons_enabled": false,
                "orchestrator_version": "1.31.3",
                "os_disk_size_gb": 40,
                "os_disk_type": "Managed",
                "os_sku": "Ubuntu",
                "pod_subnet_id": "",
                "proximity_placement_group_id": "",
                "scale_down_mode": "Deallocate",
                "snapshot_id": "",
                "tags": {
                  "architecture": "Hub\u0026Spoke",
                  "environment": "development",
                  "source": "terraform"
                },
                "temporary_name_for_rotation": "syspooltmp",
                "type": "VirtualMachineScaleSets",
                "ultra_ssd_enabled": false,
                "upgrade_settings": [
                  {
                    "drain_timeout_in_minutes": 10,
                    "max_surge": "1",
                    "node_soak_duration_in_minutes": 0
                  }
                ],
                "vm_size": "Standard_D2s_v5",
                "vnet_subnet_id": "/subscriptions/dcef7009-6b94-4382-afdc-17eb160d709a/resourceGroups/rg-lzaks-spoke-aks-infra/providers/Microsoft.Network/virtualNetworks/vnet-spoke-aks/subnets/snet-aks",
                "workload_runtime": "OCIContainer",
                "zones": [
                  "1",
                  "2",
                  "3"
                ]
              }
            ],
            "disk_encryption_set_id": "",
            "dns_prefix": "aks",
            "dns_prefix_private_cluster": "",
            "edge_zone": "",
            "fqdn": "aks-c40ga64d.hcp.swedencentral.azmk8s.io",
            "http_application_routing_enabled": false,
            "http_application_routing_zone_name": "",
            "http_proxy_config": [],
            "id": "/subscriptions/dcef7009-6b94-4382-afdc-17eb160d709a/resourceGroups/rg-lzaks-spoke-aks-cluster/providers/Microsoft.ContainerService/managedClusters/aks-cluster-swc",
            "identity": [
              {
                "identity_ids": [
                  "/subscriptions/dcef7009-6b94-4382-afdc-17eb160d709a/resourceGroups/rg-lzaks-spoke-aks-cluster/providers/Microsoft.ManagedIdentity/userAssignedIdentities/identity-aks"
                ],
                "principal_id": "",
                "tenant_id": "",
                "type": "UserAssigned"
              }
            ],
            "image_cleaner_enabled": true,
            "image_cleaner_interval_hours": 24,
            "ingress_application_gateway": [],
            "key_management_service": [],
            "key_vault_secrets_provider": [
              {
                "secret_identity": [
                  {
                    "client_id": "48a226a3-403e-4413-985d-7c7adf363b24",
                    "object_id": "60cba8c5-ae33-4eab-bd4f-726ade22cd47",
                    "user_assigned_identity_id": "/subscriptions/dcef7009-6b94-4382-afdc-17eb160d709a/resourcegroups/rg-lzaks-spoke-aks-nodes/providers/Microsoft.ManagedIdentity/userAssignedIdentities/azurekeyvaultsecretsprovider-aks-cluster-swc"
                  }
                ],
                "secret_rotation_enabled": true,
                "secret_rotation_interval": "2m"
              }
            ],
            "kube_admin_config": [],
            "kube_admin_config_raw": "",
            "kube_config": [
              {
                "client_certificate": "",
                "client_key": "",
                "cluster_ca_certificate": "LS0tLS1CRUdJTiBDRVJUSUZJQ0FURS0tLS0tCk1JSUU2RENDQXRDZ0F3SUJBZ0lRRmdOcGNCRk5OVVZvTTlJT1lSMjhEakFOQmdrcWhraUc5dzBCQVFzRkFEQU4KTVFzd0NRWURWUVFERXdKallUQWdGdzB5TlRBeE1Ua3dOelU0TWpaYUdBOHlNRFUxTURFeE9UQTRNRGd5TmxvdwpEVEVMTUFrR0ExVUVBeE1DWTJFd2dnSWlNQTBHQ1NxR1NJYjNEUUVCQVFVQUE0SUNEd0F3Z2dJS0FvSUNBUUM2CnVZZ0pOZVgyYldZa1Z4MkNLMS9YVU1BaTNtMlV6RFdTWWJIZVRPVy96bDEyZ2VpbVVVZFBzOEFVc0VjU2RpNmcKQ0Z2cDJXV3d2WDRZWFovYStZeGtRalhVTHVLbGFuV2dlbnowckVzbzk4T05SZWY2bDQ0MlV3M3lpNFV6SVJjbwpRTW04NzB2aFZ0VUdSd1hLRDlOY1F0T2VmRlFKWnJUb0Z4dDd5VHlNbFdNa1lTaTEzaDIrNHd3QXdlSm5iT2RvCmVtTGNFR0V6akg3UUw1RldHL0g2bUEvQm0vcWYyVXd2d0I4NitPMjdWNFJraUpucGVzSGFKMk9wV3N4NXJmUC8KTTNmSEVuRnNSRHBsVTJRL0N3MXFQcFlvcFVwb001SXA1RjM0VTNSNWdFejFTWXJmVzhQb01YTTRjeXUrMCs0YQowb1prMUcya3pmSGdLRFNpemNTZVNJL09pRU1NSGxmOWdMMU9vZmFIWnFOU3dXeW40anJTWGs0am4rWGx3aHRzCjFHWHBYMDluZFZLYkVsLzRLMGRUOHRKTlBjUmdZdDE2YWNpN1BvaW9ER0RCdjlILzZiWWdlVDlyRUJBazFjdy8KU2oxdHBKOXRnU25xVytQSXVvRm1CZ3JtVXprSkFxS3hwY0pMcXU1eVJpZ3o3VHNsdzFvaTNMM2gzS1VKV2Z1Tgp1dXU1VThYV0l4Zmx4VmRsMnU0dzRGOG1qTERibjExT3JTU0FzUXhyT1dvZyt0L1FDaldDcmtBd0hVcHl5NGdXCjlqcFlxMVlobUFnbHVQUWxEV0FKbzRQemlERG5SZFVUY2JORDh3KzJUUklYald4eDZTTmhTRFo2TEhKQUVTc3IKcy84a1VCaWJ6em5jR1lKVGxpbTB4UVkwaDN6NCtybnN2Vk4vNnBGbklRSURBUUFCbzBJd1FEQU9CZ05WSFE4QgpBZjhFQkFNQ0FxUXdEd1lEVlIwVEFRSC9CQVV3QXdFQi96QWRCZ05WSFE0RUZnUVVROVZjOUVVR3prSHFHcTRvCmFDTlgzWjYwazJzd0RRWUpLb1pJaHZjTkFRRUxCUUFEZ2dJQkFCRjQvQitOK3Z1ampPUXkycWxoOFF2TnFrSmcKSzNZeUEzNHg3a2pEM3JkSDU3WWlZTk5jbFVIN3ZtVlJlbjJBWjZmeUpQaEtyQ1BWcEx3Z212YzVqOTN3YUVaQwo2eXRLSnpvK1BUa1FMNGI3Z2IwVmR6NUNxMGVTbjVSelFvdG1zQWx6WGo0d2JzUGtXK1VuRFlKZWlxTTAxS0FsCmZIVnk0VzNRM3VVUmdVOE9TUEp6RGZKdXdCblhIVGFnakRrS1h1ck9lRk9WSDROcVhoV3N0VU5lZVhRZFhPVGsKbnJvSEppZitIOEFEZGcwbXBsb0pmNVhOT2Z6NEd3ZU90aWZFZVV1OUpJV2I1QUUzVTdoUXAwVWJpaTVjY0oxSQpqU01pN1NhS3NYaTRuK1Q3aFNRZjl0M3g4bERRSDM0Nm1vWlhUTnJVOVM0amRXeGg3Zk9KQjdIQWFNMFdQaUVkCnFGd05lM1VaODExdVpzc0VHQTRoMUsyZDdWdlpiR1ZCazhiUHcwR0RPYisvR25UdlVBUi8yVTB1Q3RDLzdIZCsKbzBVdSsvMjlldURDaEU4R1ppdmZ3T3N6L2FBNCtWanZDYTU2dlVaNkV5T2R1dWxJUHhyUEcxbWQ4NXR0ekt5UgphbU5qcHBHVXNBRUlyUEtJOUhNT2xhUGNIc1QrUVowV0ZOS3kxcG51N1VQcU1hWmZnanF4Q0JiWWRxcFRnZ0dWCmU3cWR1Z1hpVTlpYURsdTcraDFlRHVCd3JqMXpYR2Zlbjhob2duNWpxQnltdkVlRzgyMjJUQllXRDRQcnc1UEIKMUYzWFBNZzBJeDRpZmVJSUxiUVNLWXZDTWh1blNmckZuTlNyckgwdG1HNW5TL1BWVkVzYW42MjJBT1dScmtwSwpqYTFsZHo3VEM2Tm01ZXNLCi0tLS0tRU5EIENFUlRJRklDQVRFLS0tLS0K",
                "host": "https://aks-c40ga64d.hcp.swedencentral.azmk8s.io:443",
                "password": "",
                "username": "clusterUser_rg-lzaks-spoke-aks-cluster_aks-cluster-swc"
              }
            ],
            "kube_config_raw": "apiVersion: v1\nclusters:\n- cluster:\n    certificate-authority-data: LS0tLS1CRUdJTiBDRVJUSUZJQ0FURS0tLS0tCk1JSUU2RENDQXRDZ0F3SUJBZ0lRRmdOcGNCRk5OVVZvTTlJT1lSMjhEakFOQmdrcWhraUc5dzBCQVFzRkFEQU4KTVFzd0NRWURWUVFERXdKallUQWdGdzB5TlRBeE1Ua3dOelU0TWpaYUdBOHlNRFUxTURFeE9UQTRNRGd5TmxvdwpEVEVMTUFrR0ExVUVBeE1DWTJFd2dnSWlNQTBHQ1NxR1NJYjNEUUVCQVFVQUE0SUNEd0F3Z2dJS0FvSUNBUUM2CnVZZ0pOZVgyYldZa1Z4MkNLMS9YVU1BaTNtMlV6RFdTWWJIZVRPVy96bDEyZ2VpbVVVZFBzOEFVc0VjU2RpNmcKQ0Z2cDJXV3d2WDRZWFovYStZeGtRalhVTHVLbGFuV2dlbnowckVzbzk4T05SZWY2bDQ0MlV3M3lpNFV6SVJjbwpRTW04NzB2aFZ0VUdSd1hLRDlOY1F0T2VmRlFKWnJUb0Z4dDd5VHlNbFdNa1lTaTEzaDIrNHd3QXdlSm5iT2RvCmVtTGNFR0V6akg3UUw1RldHL0g2bUEvQm0vcWYyVXd2d0I4NitPMjdWNFJraUpucGVzSGFKMk9wV3N4NXJmUC8KTTNmSEVuRnNSRHBsVTJRL0N3MXFQcFlvcFVwb001SXA1RjM0VTNSNWdFejFTWXJmVzhQb01YTTRjeXUrMCs0YQowb1prMUcya3pmSGdLRFNpemNTZVNJL09pRU1NSGxmOWdMMU9vZmFIWnFOU3dXeW40anJTWGs0am4rWGx3aHRzCjFHWHBYMDluZFZLYkVsLzRLMGRUOHRKTlBjUmdZdDE2YWNpN1BvaW9ER0RCdjlILzZiWWdlVDlyRUJBazFjdy8KU2oxdHBKOXRnU25xVytQSXVvRm1CZ3JtVXprSkFxS3hwY0pMcXU1eVJpZ3o3VHNsdzFvaTNMM2gzS1VKV2Z1Tgp1dXU1VThYV0l4Zmx4VmRsMnU0dzRGOG1qTERibjExT3JTU0FzUXhyT1dvZyt0L1FDaldDcmtBd0hVcHl5NGdXCjlqcFlxMVlobUFnbHVQUWxEV0FKbzRQemlERG5SZFVUY2JORDh3KzJUUklYald4eDZTTmhTRFo2TEhKQUVTc3IKcy84a1VCaWJ6em5jR1lKVGxpbTB4UVkwaDN6NCtybnN2Vk4vNnBGbklRSURBUUFCbzBJd1FEQU9CZ05WSFE4QgpBZjhFQkFNQ0FxUXdEd1lEVlIwVEFRSC9CQVV3QXdFQi96QWRCZ05WSFE0RUZnUVVROVZjOUVVR3prSHFHcTRvCmFDTlgzWjYwazJzd0RRWUpLb1pJaHZjTkFRRUxCUUFEZ2dJQkFCRjQvQitOK3Z1ampPUXkycWxoOFF2TnFrSmcKSzNZeUEzNHg3a2pEM3JkSDU3WWlZTk5jbFVIN3ZtVlJlbjJBWjZmeUpQaEtyQ1BWcEx3Z212YzVqOTN3YUVaQwo2eXRLSnpvK1BUa1FMNGI3Z2IwVmR6NUNxMGVTbjVSelFvdG1zQWx6WGo0d2JzUGtXK1VuRFlKZWlxTTAxS0FsCmZIVnk0VzNRM3VVUmdVOE9TUEp6RGZKdXdCblhIVGFnakRrS1h1ck9lRk9WSDROcVhoV3N0VU5lZVhRZFhPVGsKbnJvSEppZitIOEFEZGcwbXBsb0pmNVhOT2Z6NEd3ZU90aWZFZVV1OUpJV2I1QUUzVTdoUXAwVWJpaTVjY0oxSQpqU01pN1NhS3NYaTRuK1Q3aFNRZjl0M3g4bERRSDM0Nm1vWlhUTnJVOVM0amRXeGg3Zk9KQjdIQWFNMFdQaUVkCnFGd05lM1VaODExdVpzc0VHQTRoMUsyZDdWdlpiR1ZCazhiUHcwR0RPYisvR25UdlVBUi8yVTB1Q3RDLzdIZCsKbzBVdSsvMjlldURDaEU4R1ppdmZ3T3N6L2FBNCtWanZDYTU2dlVaNkV5T2R1dWxJUHhyUEcxbWQ4NXR0ekt5UgphbU5qcHBHVXNBRUlyUEtJOUhNT2xhUGNIc1QrUVowV0ZOS3kxcG51N1VQcU1hWmZnanF4Q0JiWWRxcFRnZ0dWCmU3cWR1Z1hpVTlpYURsdTcraDFlRHVCd3JqMXpYR2Zlbjhob2duNWpxQnltdkVlRzgyMjJUQllXRDRQcnc1UEIKMUYzWFBNZzBJeDRpZmVJSUxiUVNLWXZDTWh1blNmckZuTlNyckgwdG1HNW5TL1BWVkVzYW42MjJBT1dScmtwSwpqYTFsZHo3VEM2Tm01ZXNLCi0tLS0tRU5EIENFUlRJRklDQVRFLS0tLS0K\n    server: https://aks-c40ga64d.hcp.swedencentral.azmk8s.io:443\n  name: aks-cluster-swc\ncontexts:\n- context:\n    cluster: aks-cluster-swc\n    user: clusterUser_rg-lzaks-spoke-aks-cluster_aks-cluster-swc\n  name: aks-cluster-swc\ncurrent-context: aks-cluster-swc\nkind: Config\npreferences: {}\nusers:\n- name: clusterUser_rg-lzaks-spoke-aks-cluster_aks-cluster-swc\n  user:\n    exec:\n      apiVersion: client.authentication.k8s.io/v1beta1\n      args:\n      - get-token\n      - --environment\n      - AzurePublicCloud\n      - --server-id\n      - 6dae42f8-4368-4678-94ff-3960e28e3630\n      - --client-id\n      - 80faf920-1908-4b52-b5ef-a8e7bedfc67a\n      - --tenant-id\n      - 93139d1e-a3c1-4d78-9ed5-878be090eba4\n      - --login\n      - devicecode\n      command: kubelogin\n      env: null\n      installHint: |2\n\n        kubelogin is not installed which is required to connect to AAD enabled cluster.\n\n        To learn more, please go to https://aka.ms/aks/kubelogin\n      provideClusterInfo: false\n",
            "kubelet_identity": [
              {
                "client_id": "0bd8a13b-0248-497f-a5f6-4289980b9c86",
                "object_id": "cb1e7321-6dbb-4342-b7c1-fcf62f241d4a",
                "user_assigned_identity_id": "/subscriptions/dcef7009-6b94-4382-afdc-17eb160d709a/resourceGroups/rg-lzaks-spoke-aks-cluster/providers/Microsoft.ManagedIdentity/userAssignedIdentities/identity-kubelet"
              }
            ],
            "kubernetes_version": "1.31.3",
            "linux_profile": [],
            "local_account_disabled": true,
            "location": "swedencentral",
            "maintenance_window": [],
            "maintenance_window_auto_upgrade": [],
            "maintenance_window_node_os": [],
            "microsoft_defender": [],
            "monitor_metrics": [
              {
                "annotations_allowed": "",
                "labels_allowed": ""
              }
            ],
            "name": "aks-cluster-swc",
            "network_profile": [
              {
                "dns_service_ip": "10.0.0.10",
                "ip_versions": [
                  "IPv4"
                ],
                "load_balancer_profile": [
                  {
                    "backend_pool_type": "NodeIPConfiguration",
                    "effective_outbound_ips": [],
                    "idle_timeout_in_minutes": 0,
                    "managed_outbound_ip_count": 0,
                    "managed_outbound_ipv6_count": 0,
                    "outbound_ip_address_ids": [],
                    "outbound_ip_prefix_ids": [],
                    "outbound_ports_allocated": 0
                  }
                ],
                "load_balancer_sku": "standard",
                "nat_gateway_profile": [],
                "network_data_plane": "cilium",
                "network_mode": "",
                "network_plugin": "azure",
                "network_plugin_mode": "overlay",
                "network_policy": "cilium",
                "outbound_type": "userDefinedRouting",
                "pod_cidr": "10.10.240.0/20",
                "pod_cidrs": [
                  "10.10.240.0/20"
                ],
                "service_cidr": "10.0.0.0/16",
                "service_cidrs": [
                  "10.0.0.0/16"
                ]
              }
            ],
            "node_os_upgrade_channel": "NodeImage",
            "node_resource_group": "rg-lzaks-spoke-aks-nodes",
            "node_resource_group_id": "/subscriptions/dcef7009-6b94-4382-afdc-17eb160d709a/resourceGroups/rg-lzaks-spoke-aks-nodes",
            "oidc_issuer_enabled": true,
            "oidc_issuer_url": "https://swedencentral.oic.prod-aks.azure.com/93139d1e-a3c1-4d78-9ed5-878be090eba4/000a16cc-7bd1-49c6-8ecf-18a1cfbdf17f/",
            "oms_agent": [
              {
                "log_analytics_workspace_id": "/subscriptions/dcef7009-6b94-4382-afdc-17eb160d709a/resourceGroups/rg-lzaks-management/providers/Microsoft.OperationalInsights/workspaces/loganalyticsforaks011",
                "msi_auth_for_monitoring_enabled": true,
                "oms_agent_identity": []
              }
            ],
            "open_service_mesh_enabled": true,
            "portal_fqdn": "aks-c40ga64d.portal.hcp.swedencentral.azmk8s.io",
            "private_cluster_enabled": false,
            "private_cluster_public_fqdn_enabled": false,
            "private_dns_zone_id": "",
            "private_fqdn": "",
            "resource_group_name": "rg-lzaks-spoke-aks-cluster",
            "role_based_access_control_enabled": true,
            "run_command_enabled": true,
            "service_mesh_profile": [],
            "service_principal": [],
            "sku_tier": "Free",
            "storage_profile": [
              {
                "blob_driver_enabled": true,
                "disk_driver_enabled": true,
                "file_driver_enabled": true,
                "snapshot_controller_enabled": true
              }
            ],
            "support_plan": "KubernetesOfficial",
            "tags": {
              "architecture": "Hub\u0026Spoke",
              "environment": "development",
              "source": "terraform"
            },
            "timeouts": null,
            "web_app_routing": [
              {
                "dns_zone_ids": [],
                "web_app_routing_identity": [
                  {
                    "client_id": "c0c05e02-323c-4870-864c-337314b9b24b",
                    "object_id": "6d6be978-8d1f-4a94-bbae-95a4d0e86657",
                    "user_assigned_identity_id": "/subscriptions/dcef7009-6b94-4382-afdc-17eb160d709a/resourcegroups/rg-lzaks-spoke-aks-nodes/providers/Microsoft.ManagedIdentity/userAssignedIdentities/webapprouting-aks-cluster-swc"
                  }
                ]
              }
            ],
            "windows_profile": [
              {
                "admin_password": "",
                "admin_username": "azureuser",
                "gmsa": [],
                "license": ""
              }
            ],
            "workload_autoscaler_profile": [
              {
                "keda_enabled": false,
                "vertical_pod_autoscaler_enabled": true
              }
            ],
            "workload_identity_enabled": true
          },
          "sensitive_attributes": [
            [
              {
                "type": "get_attr",
                "value": "kube_config_raw"
              }
            ],
            [
              {
                "type": "get_attr",
                "value": "kube_admin_config_raw"
              }
            ],
            [
              {
                "type": "get_attr",
                "value": "kube_admin_config"
              }
            ],
            [
              {
                "type": "get_attr",
                "value": "kube_config"
              }
            ],
            [
              {
                "type": "get_attr",
                "value": "windows_profile"
              },
              {
                "type": "index",
                "value": {
                  "value": 0,
                  "type": "number"
                }
              },
              {
                "type": "get_attr",
                "value": "admin_password"
              }
            ]
          ],
          "private": "eyJlMmJmYjczMC1lY2FhLTExZTYtOGY4OC0zNDM2M2JjN2M0YzAiOnsiY3JlYXRlIjo1NDAwMDAwMDAwMDAwLCJkZWxldGUiOjU0MDAwMDAwMDAwMDAsInJlYWQiOjMwMDAwMDAwMDAwMCwidXBkYXRlIjo1NDAwMDAwMDAwMDAwfSwic2NoZW1hX3ZlcnNpb24iOiIyIn0=",
          "dependencies": [
            "azuread_group.aks_admins",
            "azurerm_private_dns_zone.private_dns_zone_aks",
            "azurerm_resource_group.rg",
            "azurerm_user_assigned_identity.identity-kubelet",
            "azurerm_user_assigned_identity.identity_aks",
            "data.azuread_client_config.current",
            "data.azurerm_subscription.subscription_spoke",
            "data.terraform_remote_state.management",
            "data.terraform_remote_state.spoke_aks"
          ]
        }
      ]
    },
    {
      "mode": "managed",
      "type": "azurerm_kubernetes_cluster_node_pool",
      "name": "poolapps",
      "provider": "provider[\"registry.terraform.io/hashicorp/azurerm\"]",
      "instances": [
        {
          "index_key": "poolappsamd",
          "schema_version": 1,
          "attributes": {
            "auto_scaling_enabled": true,
            "capacity_reservation_group_id": "",
            "eviction_policy": "",
            "fips_enabled": false,
            "gpu_instance": null,
            "host_encryption_enabled": false,
            "host_group_id": "",
            "id": "/subscriptions/dcef7009-6b94-4382-afdc-17eb160d709a/resourceGroups/rg-lzaks-spoke-aks-cluster/providers/Microsoft.ContainerService/managedClusters/aks-cluster-swc/agentPools/poolappsamd",
            "kubelet_config": [],
            "kubelet_disk_type": "OS",
            "kubernetes_cluster_id": "/subscriptions/dcef7009-6b94-4382-afdc-17eb160d709a/resourceGroups/rg-lzaks-spoke-aks-cluster/providers/Microsoft.ContainerService/managedClusters/aks-cluster-swc",
            "linux_os_config": [],
            "max_count": 3,
            "max_pods": 250,
            "min_count": 1,
            "mode": "User",
            "name": "poolappsamd",
            "node_count": 2,
            "node_labels": {},
            "node_network_profile": [],
            "node_public_ip_enabled": false,
            "node_public_ip_prefix_id": "",
            "node_taints": [],
            "orchestrator_version": "1.31.3",
            "os_disk_size_gb": 60,
            "os_disk_type": "Managed",
            "os_sku": "Ubuntu",
            "os_type": "Linux",
            "pod_subnet_id": "",
            "priority": "Regular",
            "proximity_placement_group_id": "",
            "scale_down_mode": "Delete",
            "snapshot_id": null,
            "spot_max_price": -1,
            "tags": {
              "architecture": "Hub\u0026Spoke",
              "environment": "development",
              "source": "terraform"
            },
            "temporary_name_for_rotation": null,
            "timeouts": null,
            "ultra_ssd_enabled": false,
            "upgrade_settings": [
              {
                "drain_timeout_in_minutes": 0,
                "max_surge": "3",
                "node_soak_duration_in_minutes": 0
              }
            ],
            "vm_size": "Standard_D2s_v5",
            "vnet_subnet_id": "/subscriptions/dcef7009-6b94-4382-afdc-17eb160d709a/resourceGroups/rg-lzaks-spoke-aks-infra/providers/Microsoft.Network/virtualNetworks/vnet-spoke-aks/subnets/snet-aks",
            "windows_profile": [],
            "workload_runtime": "OCIContainer",
            "zones": [
              "1",
              "2",
              "3"
            ]
          },
          "sensitive_attributes": [],
          "private": "eyJlMmJmYjczMC1lY2FhLTExZTYtOGY4OC0zNDM2M2JjN2M0YzAiOnsiY3JlYXRlIjozNjAwMDAwMDAwMDAwLCJkZWxldGUiOjM2MDAwMDAwMDAwMDAsInJlYWQiOjMwMDAwMDAwMDAwMCwidXBkYXRlIjozNjAwMDAwMDAwMDAwfSwic2NoZW1hX3ZlcnNpb24iOiIxIn0=",
          "dependencies": [
            "azuread_group.aks_admins",
            "azurerm_kubernetes_cluster.aks",
            "azurerm_private_dns_zone.private_dns_zone_aks",
            "azurerm_resource_group.rg",
            "azurerm_user_assigned_identity.identity-kubelet",
            "azurerm_user_assigned_identity.identity_aks",
            "data.azuread_client_config.current",
            "data.azurerm_subscription.subscription_spoke",
            "data.terraform_remote_state.management",
            "data.terraform_remote_state.spoke_aks"
          ]
        }
      ]
    },
    {
      "mode": "managed",
      "type": "azurerm_monitor_alert_prometheus_rule_group",
      "name": "example_k8s",
      "provider": "provider[\"registry.terraform.io/hashicorp/azurerm\"]",
      "instances": [
        {
          "schema_version": 0,
          "attributes": {
            "cluster_name": "aks-cluster-swc",
            "description": "",
            "id": "/subscriptions/dcef7009-6b94-4382-afdc-17eb160d709a/resourceGroups/rg-lzaks-spoke-aks-cluster/providers/Microsoft.AlertsManagement/prometheusRuleGroups/KubernetesRecordingRulesRuleGroup",
            "interval": "PT1M",
            "location": "swedencentral",
            "name": "KubernetesRecordingRulesRuleGroup",
            "resource_group_name": "rg-lzaks-spoke-aks-cluster",
            "rule": [
              {
                "action": [],
                "alert": "",
                "alert_resolution": [],
                "annotations": {},
                "enabled": false,
                "expression": "sum by (cluster, namespace, pod, container) (irate(container_cpu_usage_seconds_total{job=\"cadvisor\", image!=\"\"}[5m])) * on (cluster, namespace, pod) group_left(node) topk by (cluster, namespace, pod) (1, max by(cluster, namespace, pod, node) (kube_pod_info{node!=\"\"}))",
                "for": "",
                "labels": {},
                "record": "node_namespace_pod_container:container_cpu_usage_seconds_total:sum_irate",
                "severity": 0
              },
              {
                "action": [],
                "alert": "",
                "alert_resolution": [],
                "annotations": {},
                "enabled": false,
                "expression": "container_memory_working_set_bytes{job=\"cadvisor\", image!=\"\"}* on (namespace, pod) group_left(node) topk by(namespace, pod) (1, max by(namespace, pod, node) (kube_pod_info{node!=\"\"}))",
                "for": "",
                "labels": {},
                "record": "node_namespace_pod_container:container_memory_working_set_bytes",
                "severity": 0
              },
              {
                "action": [],
                "alert": "",
                "alert_resolution": [],
                "annotations": {},
                "enabled": false,
                "expression": "container_memory_rss{job=\"cadvisor\", image!=\"\"}* on (namespace, pod) group_left(node) topk by(namespace, pod) (1, max by(namespace, pod, node) (kube_pod_info{node!=\"\"}))",
                "for": "",
                "labels": {},
                "record": "node_namespace_pod_container:container_memory_rss",
                "severity": 0
              },
              {
                "action": [],
                "alert": "",
                "alert_resolution": [],
                "annotations": {},
                "enabled": false,
                "expression": "container_memory_cache{job=\"cadvisor\", image!=\"\"}* on (namespace, pod) group_left(node) topk by(namespace, pod) (1, max by(namespace, pod, node) (kube_pod_info{node!=\"\"}))",
                "for": "",
                "labels": {},
                "record": "node_namespace_pod_container:container_memory_cache",
                "severity": 0
              },
              {
                "action": [],
                "alert": "",
                "alert_resolution": [],
                "annotations": {},
                "enabled": false,
                "expression": "container_memory_swap{job=\"cadvisor\", image!=\"\"}* on (namespace, pod) group_left(node) topk by(namespace, pod) (1, max by(namespace, pod, node) (kube_pod_info{node!=\"\"}))",
                "for": "",
                "labels": {},
                "record": "node_namespace_pod_container:container_memory_swap",
                "severity": 0
              },
              {
                "action": [],
                "alert": "",
                "alert_resolution": [],
                "annotations": {},
                "enabled": false,
                "expression": "kube_pod_container_resource_requests{resource=\"memory\",job=\"kube-state-metrics\"} * on(namespace, pod, cluster)group_left() max by (namespace, pod, cluster) ((kube_pod_status_phase{phase=~\"Pending|Running\"} == 1))",
                "for": "",
                "labels": {},
                "record": "cluster:namespace:pod_memory:active:kube_pod_container_resource_requests",
                "severity": 0
              },
              {
                "action": [],
                "alert": "",
                "alert_resolution": [],
                "annotations": {},
                "enabled": false,
                "expression": "sum by (namespace, cluster) (sum by (namespace, pod, cluster) (max by (namespace, pod, container, cluster) (kube_pod_container_resource_requests{resource=\"memory\",job=\"kube-state-metrics\"}) * on(namespace, pod, cluster) group_left() max by (namespace, pod, cluster) (kube_pod_status_phase{phase=~\"Pending|Running\"} == 1)))",
                "for": "",
                "labels": {},
                "record": "namespace_memory:kube_pod_container_resource_requests:sum",
                "severity": 0
              },
              {
                "action": [],
                "alert": "",
                "alert_resolution": [],
                "annotations": {},
                "enabled": false,
                "expression": "kube_pod_container_resource_requests{resource=\"cpu\",job=\"kube-state-metrics\"} * on (namespace, pod, cluster)group_left() max by (namespace, pod, cluster) ((kube_pod_status_phase{phase=~\"Pending|Running\"} == 1))",
                "for": "",
                "labels": {},
                "record": "cluster:namespace:pod_cpu:active:kube_pod_container_resource_requests",
                "severity": 0
              },
              {
                "action": [],
                "alert": "",
                "alert_resolution": [],
                "annotations": {},
                "enabled": false,
                "expression": "sum by (namespace, cluster) (sum by(namespace, pod, cluster) (max by(namespace, pod, container, cluster) (kube_pod_container_resource_requests{resource=\"cpu\",job=\"kube-state-metrics\"}) * on(namespace, pod, cluster) group_left() max by (namespace, pod, cluster) (kube_pod_status_phase{phase=~\"Pending|Running\"} == 1)))",
                "for": "",
                "labels": {},
                "record": "namespace_cpu:kube_pod_container_resource_requests:sum",
                "severity": 0
              },
              {
                "action": [],
                "alert": "",
                "alert_resolution": [],
                "annotations": {},
                "enabled": false,
                "expression": "kube_pod_container_resource_limits{resource=\"memory\",job=\"kube-state-metrics\"} * on (namespace, pod, cluster)group_left() max by (namespace, pod, cluster) ((kube_pod_status_phase{phase=~\"Pending|Running\"} == 1))",
                "for": "",
                "labels": {},
                "record": "cluster:namespace:pod_memory:active:kube_pod_container_resource_limits",
                "severity": 0
              },
              {
                "action": [],
                "alert": "",
                "alert_resolution": [],
                "annotations": {},
                "enabled": false,
                "expression": "sum by (namespace, cluster) (sum by (namespace, pod, cluster) (max by (namespace, pod, container, cluster) (kube_pod_container_resource_limits{resource=\"memory\",job=\"kube-state-metrics\"}) * on(namespace, pod, cluster) group_left() max by (namespace, pod, cluster) (kube_pod_status_phase{phase=~\"Pending|Running\"} == 1)))",
                "for": "",
                "labels": {},
                "record": "namespace_memory:kube_pod_container_resource_limits:sum",
                "severity": 0
              },
              {
                "action": [],
                "alert": "",
                "alert_resolution": [],
                "annotations": {},
                "enabled": false,
                "expression": "kube_pod_container_resource_limits{resource=\"cpu\",job=\"kube-state-metrics\"} * on (namespace, pod, cluster)group_left() max by (namespace, pod, cluster) ( (kube_pod_status_phase{phase=~\"Pending|Running\"} == 1) )",
                "for": "",
                "labels": {},
                "record": "cluster:namespace:pod_cpu:active:kube_pod_container_resource_limits",
                "severity": 0
              },
              {
                "action": [],
                "alert": "",
                "alert_resolution": [],
                "annotations": {},
                "enabled": false,
                "expression": "sum by (namespace, cluster) (sum by (namespace, pod, cluster) (max by(namespace, pod, container, cluster) (kube_pod_container_resource_limits{resource=\"cpu\",job=\"kube-state-metrics\"}) * on(namespace, pod, cluster) group_left() max by (namespace, pod, cluster) (kube_pod_status_phase{phase=~\"Pending|Running\"} == 1)))",
                "for": "",
                "labels": {},
                "record": "namespace_cpu:kube_pod_container_resource_limits:sum",
                "severity": 0
              },
              {
                "action": [],
                "alert": "",
                "alert_resolution": [],
                "annotations": {},
                "enabled": false,
                "expression": "max by (cluster, namespace, workload, pod) (label_replace(label_replace(kube_pod_owner{job=\"kube-state-metrics\", owner_kind=\"ReplicaSet\"}, \"replicaset\", \"$1\", \"owner_name\", \"(.*)\") * on(replicaset, namespace) group_left(owner_name) topk by(replicaset, namespace) (1, max by (replicaset, namespace, owner_name) (kube_replicaset_owner{job=\"kube-state-metrics\"})), \"workload\", \"$1\", \"owner_name\", \"(.*)\"))",
                "for": "",
                "labels": {
                  "workload_type": "deployment"
                },
                "record": "namespace_workload_pod:kube_pod_owner:relabel",
                "severity": 0
              },
              {
                "action": [],
                "alert": "",
                "alert_resolution": [],
                "annotations": {},
                "enabled": false,
                "expression": "max by (cluster, namespace, workload, pod) (label_replace(kube_pod_owner{job=\"kube-state-metrics\", owner_kind=\"DaemonSet\"}, \"workload\", \"$1\", \"owner_name\", \"(.*)\"))",
                "for": "",
                "labels": {
                  "workload_type": "daemonset"
                },
                "record": "namespace_workload_pod:kube_pod_owner:relabel",
                "severity": 0
              },
              {
                "action": [],
                "alert": "",
                "alert_resolution": [],
                "annotations": {},
                "enabled": false,
                "expression": "max by (cluster, namespace, workload, pod) (label_replace(kube_pod_owner{job=\"kube-state-metrics\", owner_kind=\"StatefulSet\"}, \"workload\", \"$1\", \"owner_name\", \"(.*)\"))",
                "for": "",
                "labels": {
                  "workload_type": "statefulset"
                },
                "record": "namespace_workload_pod:kube_pod_owner:relabel",
                "severity": 0
              },
              {
                "action": [],
                "alert": "",
                "alert_resolution": [],
                "annotations": {},
                "enabled": false,
                "expression": "max by (cluster, namespace, workload, pod) (label_replace(kube_pod_owner{job=\"kube-state-metrics\", owner_kind=\"Job\"}, \"workload\", \"$1\", \"owner_name\", \"(.*)\"))",
                "for": "",
                "labels": {
                  "workload_type": "job"
                },
                "record": "namespace_workload_pod:kube_pod_owner:relabel",
                "severity": 0
              },
              {
                "action": [],
                "alert": "",
                "alert_resolution": [],
                "annotations": {},
                "enabled": false,
                "expression": "sum(node_memory_MemAvailable_bytes{job=\"node\"} or (node_memory_Buffers_bytes{job=\"node\"} + node_memory_Cached_bytes{job=\"node\"} + node_memory_MemFree_bytes{job=\"node\"} + node_memory_Slab_bytes{job=\"node\"})) by (cluster)",
                "for": "",
                "labels": {},
                "record": ":node_memory_MemAvailable_bytes:sum",
                "severity": 0
              },
              {
                "action": [],
                "alert": "",
                "alert_resolution": [],
                "annotations": {},
                "enabled": false,
                "expression": "sum(rate(node_cpu_seconds_total{job=\"node\",mode!=\"idle\",mode!=\"iowait\",mode!=\"steal\"}[5m])) by (cluster) /count(sum(node_cpu_seconds_total{job=\"node\"}) by (cluster, instance, cpu)) by (cluster)",
                "for": "",
                "labels": {},
                "record": "cluster:node_cpu:ratio_rate5m",
                "severity": 0
              }
            ],
            "rule_group_enabled": true,
            "scopes": [
              "/subscriptions/dcef7009-6b94-4382-afdc-17eb160d709a/resourceGroups/rg-lzaks-spoke-aks-infra/providers/Microsoft.Monitor/accounts/monitor-workspace-prometheus"
            ],
            "tags": {},
            "timeouts": null
          },
          "sensitive_attributes": [],
          "private": "eyJlMmJmYjczMC1lY2FhLTExZTYtOGY4OC0zNDM2M2JjN2M0YzAiOnsiY3JlYXRlIjoxODAwMDAwMDAwMDAwLCJkZWxldGUiOjE4MDAwMDAwMDAwMDAsInJlYWQiOjMwMDAwMDAwMDAwMCwidXBkYXRlIjoxODAwMDAwMDAwMDAwfX0=",
          "dependencies": [
            "azuread_group.aks_admins",
            "azurerm_kubernetes_cluster.aks",
            "azurerm_private_dns_zone.private_dns_zone_aks",
            "azurerm_resource_group.rg",
            "azurerm_user_assigned_identity.identity-kubelet",
            "azurerm_user_assigned_identity.identity_aks",
            "data.azuread_client_config.current",
            "data.azurerm_subscription.subscription_spoke",
            "data.terraform_remote_state.management",
            "data.terraform_remote_state.spoke_aks"
          ]
        }
      ]
    },
    {
      "mode": "managed",
      "type": "azurerm_monitor_alert_prometheus_rule_group",
      "name": "example_node",
      "provider": "provider[\"registry.terraform.io/hashicorp/azurerm\"]",
      "instances": [
        {
          "schema_version": 0,
          "attributes": {
            "cluster_name": "aks-cluster-swc",
            "description": "",
            "id": "/subscriptions/dcef7009-6b94-4382-afdc-17eb160d709a/resourceGroups/rg-lzaks-spoke-aks-cluster/providers/Microsoft.AlertsManagement/prometheusRuleGroups/NodeRecordingRulesRuleGroup",
            "interval": "PT1M",
            "location": "swedencentral",
            "name": "NodeRecordingRulesRuleGroup",
            "resource_group_name": "rg-lzaks-spoke-aks-cluster",
            "rule": [
              {
                "action": [],
                "alert": "",
                "alert_resolution": [],
                "annotations": {},
                "enabled": false,
                "expression": "count without (cpu, mode) (node_cpu_seconds_total{job=\"node\",mode=\"idle\"})",
                "for": "",
                "labels": {},
                "record": "instance:node_num_cpu:sum",
                "severity": 0
              },
              {
                "action": [],
                "alert": "",
                "alert_resolution": [],
                "annotations": {},
                "enabled": false,
                "expression": "1 - avg without (cpu) (sum without (mode) (rate(node_cpu_seconds_total{job=\"node\", mode=~\"idle|iowait|steal\"}[5m])))",
                "for": "",
                "labels": {},
                "record": "instance:node_cpu_utilisation:rate5m",
                "severity": 0
              },
              {
                "action": [],
                "alert": "",
                "alert_resolution": [],
                "annotations": {},
                "enabled": false,
                "expression": "(node_load1{job=\"node\"}/  instance:node_num_cpu:sum{job=\"node\"})",
                "for": "",
                "labels": {},
                "record": "instance:node_load1_per_cpu:ratio",
                "severity": 0
              },
              {
                "action": [],
                "alert": "",
                "alert_resolution": [],
                "annotations": {},
                "enabled": false,
                "expression": "1 - ((node_memory_MemAvailable_bytes{job=\"node\"} or (node_memory_Buffers_bytes{job=\"node\"} + node_memory_Cached_bytes{job=\"node\"} + node_memory_MemFree_bytes{job=\"node\"} + node_memory_Slab_bytes{job=\"node\"})) / node_memory_MemTotal_bytes{job=\"node\"})",
                "for": "",
                "labels": {},
                "record": "instance:node_memory_utilisation:ratio",
                "severity": 0
              },
              {
                "action": [],
                "alert": "",
                "alert_resolution": [],
                "annotations": {},
                "enabled": false,
                "expression": "rate(node_vmstat_pgmajfault{job=\"node\"}[5m])",
                "for": "",
                "labels": {},
                "record": "instance:node_vmstat_pgmajfault:rate5m",
                "severity": 0
              },
              {
                "action": [],
                "alert": "",
                "alert_resolution": [],
                "annotations": {},
                "enabled": false,
                "expression": "rate(node_disk_io_time_seconds_total{job=\"node\", device!=\"\"}[5m])",
                "for": "",
                "labels": {},
                "record": "instance_device:node_disk_io_time_seconds:rate5m",
                "severity": 0
              },
              {
                "action": [],
                "alert": "",
                "alert_resolution": [],
                "annotations": {},
                "enabled": false,
                "expression": "rate(node_disk_io_time_weighted_seconds_total{job=\"node\", device!=\"\"}[5m])",
                "for": "",
                "labels": {},
                "record": "instance_device:node_disk_io_time_weighted_seconds:rate5m",
                "severity": 0
              },
              {
                "action": [],
                "alert": "",
                "alert_resolution": [],
                "annotations": {},
                "enabled": false,
                "expression": "sum without (device) (rate(node_network_receive_bytes_total{job=\"node\", device!=\"lo\"}[5m]))",
                "for": "",
                "labels": {},
                "record": "instance:node_network_receive_bytes_excluding_lo:rate5m",
                "severity": 0
              },
              {
                "action": [],
                "alert": "",
                "alert_resolution": [],
                "annotations": {},
                "enabled": false,
                "expression": "sum without (device) (rate(node_network_transmit_bytes_total{job=\"node\", device!=\"lo\"}[5m]))",
                "for": "",
                "labels": {},
                "record": "instance:node_network_transmit_bytes_excluding_lo:rate5m",
                "severity": 0
              },
              {
                "action": [],
                "alert": "",
                "alert_resolution": [],
                "annotations": {},
                "enabled": false,
                "expression": "sum without (device) (rate(node_network_receive_drop_total{job=\"node\", device!=\"lo\"}[5m]))",
                "for": "",
                "labels": {},
                "record": "instance:node_network_receive_drop_excluding_lo:rate5m",
                "severity": 0
              },
              {
                "action": [],
                "alert": "",
                "alert_resolution": [],
                "annotations": {},
                "enabled": false,
                "expression": "sum without (device) (rate(node_network_transmit_drop_total{job=\"node\", device!=\"lo\"}[5m]))",
                "for": "",
                "labels": {},
                "record": "instance:node_network_transmit_drop_excluding_lo:rate5m",
                "severity": 0
              }
            ],
            "rule_group_enabled": true,
            "scopes": [
              "/subscriptions/dcef7009-6b94-4382-afdc-17eb160d709a/resourceGroups/rg-lzaks-spoke-aks-infra/providers/Microsoft.Monitor/accounts/monitor-workspace-prometheus"
            ],
            "tags": {},
            "timeouts": null
          },
          "sensitive_attributes": [],
          "private": "eyJlMmJmYjczMC1lY2FhLTExZTYtOGY4OC0zNDM2M2JjN2M0YzAiOnsiY3JlYXRlIjoxODAwMDAwMDAwMDAwLCJkZWxldGUiOjE4MDAwMDAwMDAwMDAsInJlYWQiOjMwMDAwMDAwMDAwMCwidXBkYXRlIjoxODAwMDAwMDAwMDAwfX0=",
          "dependencies": [
            "azuread_group.aks_admins",
            "azurerm_kubernetes_cluster.aks",
            "azurerm_private_dns_zone.private_dns_zone_aks",
            "azurerm_resource_group.rg",
            "azurerm_user_assigned_identity.identity-kubelet",
            "azurerm_user_assigned_identity.identity_aks",
            "data.azuread_client_config.current",
            "data.azurerm_subscription.subscription_spoke",
            "data.terraform_remote_state.management",
            "data.terraform_remote_state.spoke_aks"
          ]
        }
      ]
    },
    {
      "mode": "managed",
      "type": "azurerm_monitor_data_collection_rule_association",
      "name": "dce_to_aks",
      "provider": "provider[\"registry.terraform.io/hashicorp/azurerm\"]",
      "instances": [
        {
          "index_key": 0,
          "schema_version": 0,
          "attributes": {
            "data_collection_endpoint_id": "/subscriptions/dcef7009-6b94-4382-afdc-17eb160d709a/resourceGroups/rg-lzaks-spoke-aks-infra/providers/Microsoft.Insights/dataCollectionEndpoints/prometheus-data-collection-endpoint",
            "data_collection_rule_id": "",
            "description": "",
            "id": "/subscriptions/dcef7009-6b94-4382-afdc-17eb160d709a/resourceGroups/rg-lzaks-spoke-aks-cluster/providers/Microsoft.ContainerService/managedClusters/aks-cluster-swc/providers/Microsoft.Insights/dataCollectionRuleAssociations/configurationAccessEndpoint",
            "name": "configurationAccessEndpoint",
            "target_resource_id": "/subscriptions/dcef7009-6b94-4382-afdc-17eb160d709a/resourceGroups/rg-lzaks-spoke-aks-cluster/providers/Microsoft.ContainerService/managedClusters/aks-cluster-swc",
            "timeouts": null
          },
          "sensitive_attributes": [],
          "private": "eyJlMmJmYjczMC1lY2FhLTExZTYtOGY4OC0zNDM2M2JjN2M0YzAiOnsiY3JlYXRlIjoxODAwMDAwMDAwMDAwLCJkZWxldGUiOjE4MDAwMDAwMDAwMDAsInJlYWQiOjMwMDAwMDAwMDAwMCwidXBkYXRlIjoxODAwMDAwMDAwMDAwfX0=",
          "dependencies": [
            "azuread_group.aks_admins",
            "azurerm_kubernetes_cluster.aks",
            "azurerm_private_dns_zone.private_dns_zone_aks",
            "azurerm_resource_group.rg",
            "azurerm_user_assigned_identity.identity-kubelet",
            "azurerm_user_assigned_identity.identity_aks",
            "data.azuread_client_config.current",
            "data.azurerm_subscription.subscription_spoke",
            "data.terraform_remote_state.management",
            "data.terraform_remote_state.spoke_aks"
          ]
        }
      ]
    },
    {
      "mode": "managed",
      "type": "azurerm_monitor_data_collection_rule_association",
      "name": "dcr_to_aks",
      "provider": "provider[\"registry.terraform.io/hashicorp/azurerm\"]",
      "instances": [
        {
          "index_key": 0,
          "schema_version": 0,
          "attributes": {
            "data_collection_endpoint_id": "",
            "data_collection_rule_id": "/subscriptions/dcef7009-6b94-4382-afdc-17eb160d709a/resourceGroups/rg-lzaks-spoke-aks-infra/providers/Microsoft.Insights/dataCollectionRules/prometheus-data-collection-rule",
            "description": "",
            "id": "/subscriptions/dcef7009-6b94-4382-afdc-17eb160d709a/resourceGroups/rg-lzaks-spoke-aks-cluster/providers/Microsoft.ContainerService/managedClusters/aks-cluster-swc/providers/Microsoft.Insights/dataCollectionRuleAssociations/dcr-aks",
            "name": "dcr-aks",
            "target_resource_id": "/subscriptions/dcef7009-6b94-4382-afdc-17eb160d709a/resourceGroups/rg-lzaks-spoke-aks-cluster/providers/Microsoft.ContainerService/managedClusters/aks-cluster-swc",
            "timeouts": null
          },
          "sensitive_attributes": [],
          "private": "eyJlMmJmYjczMC1lY2FhLTExZTYtOGY4OC0zNDM2M2JjN2M0YzAiOnsiY3JlYXRlIjoxODAwMDAwMDAwMDAwLCJkZWxldGUiOjE4MDAwMDAwMDAwMDAsInJlYWQiOjMwMDAwMDAwMDAwMCwidXBkYXRlIjoxODAwMDAwMDAwMDAwfX0=",
          "dependencies": [
            "azuread_group.aks_admins",
            "azurerm_kubernetes_cluster.aks",
            "azurerm_private_dns_zone.private_dns_zone_aks",
            "azurerm_resource_group.rg",
            "azurerm_user_assigned_identity.identity-kubelet",
            "azurerm_user_assigned_identity.identity_aks",
            "data.azuread_client_config.current",
            "data.azurerm_subscription.subscription_spoke",
            "data.terraform_remote_state.management",
            "data.terraform_remote_state.spoke_aks"
          ]
        }
      ]
    },
    {
      "mode": "managed",
      "type": "azurerm_resource_group",
      "name": "rg",
      "provider": "provider[\"registry.terraform.io/hashicorp/azurerm\"]",
      "instances": [
        {
          "schema_version": 0,
          "attributes": {
            "id": "/subscriptions/dcef7009-6b94-4382-afdc-17eb160d709a/resourceGroups/rg-lzaks-spoke-aks-cluster",
            "location": "swedencentral",
            "managed_by": "",
            "name": "rg-lzaks-spoke-aks-cluster",
            "tags": {
              "architecture": "Hub\u0026Spoke",
              "environment": "development",
              "source": "terraform"
            },
            "timeouts": null
          },
          "sensitive_attributes": [],
          "private": "eyJlMmJmYjczMC1lY2FhLTExZTYtOGY4OC0zNDM2M2JjN2M0YzAiOnsiY3JlYXRlIjo1NDAwMDAwMDAwMDAwLCJkZWxldGUiOjU0MDAwMDAwMDAwMDAsInJlYWQiOjMwMDAwMDAwMDAwMCwidXBkYXRlIjo1NDAwMDAwMDAwMDAwfX0="
        }
      ]
    },
    {
      "mode": "managed",
      "type": "azurerm_role_assignment",
      "name": "current_user_aks_admin",
      "provider": "provider[\"registry.terraform.io/hashicorp/azurerm\"]",
      "instances": [
        {
          "index_key": 0,
          "schema_version": 0,
          "attributes": {
            "condition": "",
            "condition_version": "",
            "delegated_managed_identity_resource_id": "",
            "description": "",
            "id": "/subscriptions/dcef7009-6b94-4382-afdc-17eb160d709a/resourceGroups/rg-lzaks-spoke-aks-cluster/providers/Microsoft.ContainerService/managedClusters/aks-cluster-swc/providers/Microsoft.Authorization/roleAssignments/f74b3f07-d3c5-8df5-9609-d185c0dcf223",
            "name": "f74b3f07-d3c5-8df5-9609-d185c0dcf223",
            "principal_id": "8173c45d-035e-4692-8f40-540cd5fc0f18",
            "principal_type": "User",
            "role_definition_id": "/subscriptions/dcef7009-6b94-4382-afdc-17eb160d709a/providers/Microsoft.Authorization/roleDefinitions/b1ff04bb-8a4e-4dc4-8eb5-8693973ce19b",
            "role_definition_name": "Azure Kubernetes Service RBAC Cluster Admin",
            "scope": "/subscriptions/dcef7009-6b94-4382-afdc-17eb160d709a/resourceGroups/rg-lzaks-spoke-aks-cluster/providers/Microsoft.ContainerService/managedClusters/aks-cluster-swc",
            "skip_service_principal_aad_check": false,
            "timeouts": {
              "create": "2m",
              "delete": "2m",
              "read": null
            }
          },
          "sensitive_attributes": [],
          "private": "eyJlMmJmYjczMC1lY2FhLTExZTYtOGY4OC0zNDM2M2JjN2M0YzAiOnsiY3JlYXRlIjoxMjAwMDAwMDAwMDAsImRlbGV0ZSI6MTIwMDAwMDAwMDAwLCJyZWFkIjozMDAwMDAwMDAwMDB9fQ==",
          "dependencies": [
            "azuread_group.aks_admins",
            "azurerm_kubernetes_cluster.aks",
            "azurerm_private_dns_zone.private_dns_zone_aks",
            "azurerm_resource_group.rg",
            "azurerm_user_assigned_identity.identity-kubelet",
            "azurerm_user_assigned_identity.identity_aks",
            "data.azuread_client_config.current",
            "data.azurerm_subscription.subscription_spoke",
            "data.terraform_remote_state.management",
            "data.terraform_remote_state.spoke_aks"
          ]
        }
      ]
    },
    {
      "mode": "managed",
      "type": "azurerm_role_assignment",
      "name": "role-acrpull",
      "provider": "provider[\"registry.terraform.io/hashicorp/azurerm\"]",
      "instances": [
        {
          "schema_version": 0,
          "attributes": {
            "condition": "",
            "condition_version": "",
            "delegated_managed_identity_resource_id": "",
            "description": "",
            "id": "/subscriptions/dcef7009-6b94-4382-afdc-17eb160d709a/resourceGroups/rg-lzaks-spoke-aks-infra/providers/Microsoft.ContainerRegistry/registries/acrforakstf01357/providers/Microsoft.Authorization/roleAssignments/c3d09982-7d7f-4ab5-a992-30273269da16",
            "name": "c3d09982-7d7f-4ab5-a992-30273269da16",
            "principal_id": "cb1e7321-6dbb-4342-b7c1-fcf62f241d4a",
            "principal_type": "ServicePrincipal",
            "role_definition_id": "/subscriptions/dcef7009-6b94-4382-afdc-17eb160d709a/providers/Microsoft.Authorization/roleDefinitions/7f951dda-4ed3-4680-a7ca-43fe172d538d",
            "role_definition_name": "AcrPull",
            "scope": "/subscriptions/dcef7009-6b94-4382-afdc-17eb160d709a/resourceGroups/rg-lzaks-spoke-aks-infra/providers/Microsoft.ContainerRegistry/registries/acrforakstf01357",
            "skip_service_principal_aad_check": true,
            "timeouts": null
          },
          "sensitive_attributes": [],
          "private": "eyJlMmJmYjczMC1lY2FhLTExZTYtOGY4OC0zNDM2M2JjN2M0YzAiOnsiY3JlYXRlIjoxODAwMDAwMDAwMDAwLCJkZWxldGUiOjE4MDAwMDAwMDAwMDAsInJlYWQiOjMwMDAwMDAwMDAwMH19",
          "dependencies": [
            "azurerm_resource_group.rg",
            "azurerm_user_assigned_identity.identity-kubelet",
            "data.terraform_remote_state.spoke_aks"
          ]
        }
      ]
    },
    {
      "mode": "managed",
      "type": "azurerm_role_assignment",
      "name": "role_identity_aks_contributor",
      "provider": "provider[\"registry.terraform.io/hashicorp/azurerm\"]",
      "instances": [
        {
          "schema_version": 0,
          "attributes": {
            "condition": "",
            "condition_version": "",
            "delegated_managed_identity_resource_id": "",
            "description": "",
            "id": "/subscriptions/dcef7009-6b94-4382-afdc-17eb160d709a/resourceGroups/rg-lzaks-spoke-aks-cluster/providers/Microsoft.Authorization/roleAssignments/576bf9a1-61c8-a7fc-db9d-ee84f8e2c854",
            "name": "576bf9a1-61c8-a7fc-db9d-ee84f8e2c854",
            "principal_id": "99b69ce3-d958-4b2e-8c87-0435b1073ceb",
            "principal_type": "ServicePrincipal",
            "role_definition_id": "/subscriptions/dcef7009-6b94-4382-afdc-17eb160d709a/providers/Microsoft.Authorization/roleDefinitions/b24988ac-6180-42a0-ab88-20f7382dd24c",
            "role_definition_name": "Contributor",
            "scope": "/subscriptions/dcef7009-6b94-4382-afdc-17eb160d709a/resourceGroups/rg-lzaks-spoke-aks-cluster",
            "skip_service_principal_aad_check": true,
            "timeouts": null
          },
          "sensitive_attributes": [],
          "private": "eyJlMmJmYjczMC1lY2FhLTExZTYtOGY4OC0zNDM2M2JjN2M0YzAiOnsiY3JlYXRlIjoxODAwMDAwMDAwMDAwLCJkZWxldGUiOjE4MDAwMDAwMDAwMDAsInJlYWQiOjMwMDAwMDAwMDAwMH19",
          "dependencies": [
            "azurerm_resource_group.rg",
            "azurerm_user_assigned_identity.identity_aks"
          ]
        }
      ]
    },
    {
      "mode": "managed",
      "type": "azurerm_role_assignment",
      "name": "role_identity_aks_contributor_routetable",
      "provider": "provider[\"registry.terraform.io/hashicorp/azurerm\"]",
      "instances": [
        {
          "index_key": 0,
          "schema_version": 0,
          "attributes": {
            "condition": "",
            "condition_version": "",
            "delegated_managed_identity_resource_id": "",
            "description": "",
            "id": "/subscriptions/dcef7009-6b94-4382-afdc-17eb160d709a/resourceGroups/rg-lzaks-spoke-aks-infra/providers/Microsoft.Network/routeTables/route-table-to-firewall/providers/Microsoft.Authorization/roleAssignments/af42904a-7865-44cb-3841-40644a430aa4",
            "name": "af42904a-7865-44cb-3841-40644a430aa4",
            "principal_id": "99b69ce3-d958-4b2e-8c87-0435b1073ceb",
            "principal_type": "ServicePrincipal",
            "role_definition_id": "/subscriptions/dcef7009-6b94-4382-afdc-17eb160d709a/providers/Microsoft.Authorization/roleDefinitions/b24988ac-6180-42a0-ab88-20f7382dd24c",
            "role_definition_name": "Contributor",
            "scope": "/subscriptions/dcef7009-6b94-4382-afdc-17eb160d709a/resourceGroups/rg-lzaks-spoke-aks-infra/providers/Microsoft.Network/routeTables/route-table-to-firewall",
            "skip_service_principal_aad_check": null,
            "timeouts": null
          },
          "sensitive_attributes": [],
          "private": "eyJlMmJmYjczMC1lY2FhLTExZTYtOGY4OC0zNDM2M2JjN2M0YzAiOnsiY3JlYXRlIjoxODAwMDAwMDAwMDAwLCJkZWxldGUiOjE4MDAwMDAwMDAwMDAsInJlYWQiOjMwMDAwMDAwMDAwMH19",
          "dependencies": [
            "azurerm_resource_group.rg",
            "azurerm_user_assigned_identity.identity_aks",
            "data.terraform_remote_state.spoke_aks"
          ]
        }
      ]
    },
    {
      "mode": "managed",
      "type": "azurerm_role_assignment",
      "name": "role_identity_aks_mi_operator",
      "provider": "provider[\"registry.terraform.io/hashicorp/azurerm\"]",
      "instances": [
        {
          "schema_version": 0,
          "attributes": {
            "condition": "",
            "condition_version": "",
            "delegated_managed_identity_resource_id": "",
            "description": "",
            "id": "/subscriptions/dcef7009-6b94-4382-afdc-17eb160d709a/resourceGroups/rg-lzaks-spoke-aks-cluster/providers/Microsoft.ManagedIdentity/userAssignedIdentities/identity-kubelet/providers/Microsoft.Authorization/roleAssignments/faacfd34-ebfe-9296-a1bf-724b20ea6963",
            "name": "faacfd34-ebfe-9296-a1bf-724b20ea6963",
            "principal_id": "99b69ce3-d958-4b2e-8c87-0435b1073ceb",
            "principal_type": "ServicePrincipal",
            "role_definition_id": "/subscriptions/dcef7009-6b94-4382-afdc-17eb160d709a/providers/Microsoft.Authorization/roleDefinitions/f1a07417-d97a-45cb-824c-7a7467783830",
            "role_definition_name": "Managed Identity Operator",
            "scope": "/subscriptions/dcef7009-6b94-4382-afdc-17eb160d709a/resourceGroups/rg-lzaks-spoke-aks-cluster/providers/Microsoft.ManagedIdentity/userAssignedIdentities/identity-kubelet",
            "skip_service_principal_aad_check": true,
            "timeouts": null
          },
          "sensitive_attributes": [],
          "private": "eyJlMmJmYjczMC1lY2FhLTExZTYtOGY4OC0zNDM2M2JjN2M0YzAiOnsiY3JlYXRlIjoxODAwMDAwMDAwMDAwLCJkZWxldGUiOjE4MDAwMDAwMDAwMDAsInJlYWQiOjMwMDAwMDAwMDAwMH19",
          "dependencies": [
            "azurerm_resource_group.rg",
            "azurerm_user_assigned_identity.identity-kubelet",
            "azurerm_user_assigned_identity.identity_aks"
          ]
        }
      ]
    },
    {
      "mode": "managed",
      "type": "azurerm_role_assignment",
      "name": "role_identity_aks_network_contributor",
      "provider": "provider[\"registry.terraform.io/hashicorp/azurerm\"]",
      "instances": [
        {
          "schema_version": 0,
          "attributes": {
            "condition": "",
            "condition_version": "",
            "delegated_managed_identity_resource_id": "",
            "description": "",
            "id": "/subscriptions/dcef7009-6b94-4382-afdc-17eb160d709a/resourceGroups/rg-lzaks-spoke-aks-infra/providers/Microsoft.Network/virtualNetworks/vnet-spoke-aks/providers/Microsoft.Authorization/roleAssignments/cd562008-dd3a-11e8-ccd4-d0eab253384d",
            "name": "cd562008-dd3a-11e8-ccd4-d0eab253384d",
            "principal_id": "99b69ce3-d958-4b2e-8c87-0435b1073ceb",
            "principal_type": "ServicePrincipal",
            "role_definition_id": "/subscriptions/dcef7009-6b94-4382-afdc-17eb160d709a/providers/Microsoft.Authorization/roleDefinitions/4d97b98b-1d4f-4787-a291-c67834d212e7",
            "role_definition_name": "Network Contributor",
            "scope": "/subscriptions/dcef7009-6b94-4382-afdc-17eb160d709a/resourceGroups/rg-lzaks-spoke-aks-infra/providers/Microsoft.Network/virtualNetworks/vnet-spoke-aks",
            "skip_service_principal_aad_check": true,
            "timeouts": null
          },
          "sensitive_attributes": [],
          "private": "eyJlMmJmYjczMC1lY2FhLTExZTYtOGY4OC0zNDM2M2JjN2M0YzAiOnsiY3JlYXRlIjoxODAwMDAwMDAwMDAwLCJkZWxldGUiOjE4MDAwMDAwMDAwMDAsInJlYWQiOjMwMDAwMDAwMDAwMH19",
          "dependencies": [
            "azurerm_resource_group.rg",
            "azurerm_user_assigned_identity.identity_aks",
            "data.terraform_remote_state.spoke_aks"
          ]
        }
      ]
    },
    {
      "mode": "managed",
      "type": "azurerm_user_assigned_identity",
      "name": "identity-kubelet",
      "provider": "provider[\"registry.terraform.io/hashicorp/azurerm\"]",
      "instances": [
        {
          "schema_version": 1,
          "attributes": {
            "client_id": "0bd8a13b-0248-497f-a5f6-4289980b9c86",
            "id": "/subscriptions/dcef7009-6b94-4382-afdc-17eb160d709a/resourceGroups/rg-lzaks-spoke-aks-cluster/providers/Microsoft.ManagedIdentity/userAssignedIdentities/identity-kubelet",
            "location": "swedencentral",
            "name": "identity-kubelet",
            "principal_id": "cb1e7321-6dbb-4342-b7c1-fcf62f241d4a",
            "resource_group_name": "rg-lzaks-spoke-aks-cluster",
            "tags": {
              "architecture": "Hub\u0026Spoke",
              "environment": "development",
              "source": "terraform"
            },
            "tenant_id": "93139d1e-a3c1-4d78-9ed5-878be090eba4",
            "timeouts": null
          },
          "sensitive_attributes": [],
          "private": "eyJlMmJmYjczMC1lY2FhLTExZTYtOGY4OC0zNDM2M2JjN2M0YzAiOnsiY3JlYXRlIjoxODAwMDAwMDAwMDAwLCJkZWxldGUiOjE4MDAwMDAwMDAwMDAsInJlYWQiOjMwMDAwMDAwMDAwMCwidXBkYXRlIjoxODAwMDAwMDAwMDAwfSwic2NoZW1hX3ZlcnNpb24iOiIxIn0=",
          "dependencies": [
            "azurerm_resource_group.rg"
          ]
        }
      ]
    },
    {
      "mode": "managed",
      "type": "azurerm_user_assigned_identity",
      "name": "identity_aks",
      "provider": "provider[\"registry.terraform.io/hashicorp/azurerm\"]",
      "instances": [
        {
          "schema_version": 1,
          "attributes": {
            "client_id": "93e1684a-537f-4549-8d10-31e4a403d679",
            "id": "/subscriptions/dcef7009-6b94-4382-afdc-17eb160d709a/resourceGroups/rg-lzaks-spoke-aks-cluster/providers/Microsoft.ManagedIdentity/userAssignedIdentities/identity-aks",
            "location": "swedencentral",
            "name": "identity-aks",
            "principal_id": "99b69ce3-d958-4b2e-8c87-0435b1073ceb",
            "resource_group_name": "rg-lzaks-spoke-aks-cluster",
            "tags": {
              "architecture": "Hub\u0026Spoke",
              "environment": "development",
              "source": "terraform"
            },
            "tenant_id": "93139d1e-a3c1-4d78-9ed5-878be090eba4",
            "timeouts": null
          },
          "sensitive_attributes": [],
          "private": "eyJlMmJmYjczMC1lY2FhLTExZTYtOGY4OC0zNDM2M2JjN2M0YzAiOnsiY3JlYXRlIjoxODAwMDAwMDAwMDAwLCJkZWxldGUiOjE4MDAwMDAwMDAwMDAsInJlYWQiOjMwMDAwMDAwMDAwMCwidXBkYXRlIjoxODAwMDAwMDAwMDAwfSwic2NoZW1hX3ZlcnNpb24iOiIxIn0=",
          "dependencies": [
            "azurerm_resource_group.rg"
          ]
        }
      ]
    },
    {
      "mode": "managed",
      "type": "terraform_data",
      "name": "aks-get-credentials",
      "provider": "provider[\"terraform.io/builtin/terraform\"]",
      "instances": [
        {
          "schema_version": 0,
          "attributes": {
            "id": "b4ffaed0-ba9b-211e-0226-145e345c6fa6",
            "input": null,
            "output": null,
            "triggers_replace": {
              "value": [
                "/subscriptions/dcef7009-6b94-4382-afdc-17eb160d709a/resourceGroups/rg-lzaks-spoke-aks-cluster/providers/Microsoft.ContainerService/managedClusters/aks-cluster-swc"
              ],
              "type": [
                "tuple",
                [
                  "string"
                ]
              ]
            }
          },
          "sensitive_attributes": [],
          "dependencies": [
            "azuread_group.aks_admins",
            "azurerm_kubernetes_cluster.aks",
            "azurerm_kubernetes_cluster_node_pool.poolapps",
            "azurerm_kubernetes_cluster_node_pool.poolspot",
            "azurerm_private_dns_zone.private_dns_zone_aks",
            "azurerm_resource_group.rg",
            "azurerm_subnet.subnet_nodes_user_nodepool_spot",
            "azurerm_subnet.subnet_pods_user_nodepool_spot",
            "azurerm_user_assigned_identity.identity-kubelet",
            "azurerm_user_assigned_identity.identity_aks",
            "data.azuread_client_config.current",
            "data.azurerm_subscription.subscription_spoke",
            "data.terraform_remote_state.management",
            "data.terraform_remote_state.spoke_aks"
          ]
        }
      ]
    }
  ],
  "check_results": null
}
