{
  "version": 4,
  "terraform_version": "1.5.3",
  "serial": 346,
  "lineage": "e8a857e2-f4d9-feb4-7a63-e9f2b377d803",
  "outputs": {
    "latest_version": {
      "value": "1.27.1",
      "type": "string"
    }
  },
  "resources": [
    {
      "mode": "data",
      "type": "azuread_client_config",
      "name": "current",
      "provider": "provider[\"registry.terraform.io/hashicorp/azuread\"]",
      "instances": [
        {
          "schema_version": 0,
          "attributes": {
            "client_id": "04b07795-8ddb-461a-bbee-02f9e1bf7b46",
            "id": "16b3c013-d300-468d-ac64-7eda0820b6d3-04b07795-8ddb-461a-bbee-02f9e1bf7b46-99b281c9-823c-4633-af92-8ac556a19bee",
            "object_id": "99b281c9-823c-4633-af92-8ac556a19bee",
            "tenant_id": "16b3c013-d300-468d-ac64-7eda0820b6d3",
            "timeouts": null
          },
          "sensitive_attributes": []
        }
      ]
    },
    {
      "mode": "data",
      "type": "azuread_service_principal",
      "name": "aks_aad_server",
      "provider": "provider[\"registry.terraform.io/hashicorp/azuread\"]",
      "instances": [
        {
          "schema_version": 0,
          "attributes": {
            "account_enabled": true,
            "alternative_names": [],
            "app_role_assignment_required": false,
            "app_role_ids": {},
            "app_roles": [],
            "application_id": "6dae42f8-4368-4678-94ff-3960e28e3630",
            "application_tenant_id": "f8cdef31-a31e-4b4a-93e4-5f571e91255a",
            "description": "",
            "display_name": "Azure Kubernetes Service AAD Server",
            "feature_tags": [
              {
                "custom_single_sign_on": false,
                "enterprise": false,
                "gallery": false,
                "hide": false
              }
            ],
            "features": [
              {
                "custom_single_sign_on_app": false,
                "enterprise_application": false,
                "gallery_application": false,
                "visible_to_users": true
              }
            ],
            "homepage_url": "",
            "id": "87d6543d-05f4-4985-8f51-cfbe152ee0cc",
            "login_url": "",
            "logout_url": "",
            "notes": "",
            "notification_email_addresses": [],
            "oauth2_permission_scope_ids": {
              "user.read": "34a47c2f-cd0d-47b4-a93c-2c41130c671c"
            },
            "oauth2_permission_scopes": [
              {
                "admin_consent_description": "this allows to read user profile",
                "admin_consent_display_name": "user.read",
                "enabled": true,
                "id": "34a47c2f-cd0d-47b4-a93c-2c41130c671c",
                "type": "User",
                "user_consent_description": "this allows to read user profile",
                "user_consent_display_name": "user.read",
                "value": "user.read"
              }
            ],
            "object_id": "87d6543d-05f4-4985-8f51-cfbe152ee0cc",
            "preferred_single_sign_on_mode": "",
            "redirect_uris": [],
            "saml_metadata_url": "",
            "saml_single_sign_on": [],
            "service_principal_names": [
              "https://aks-aad-server.azure.com"
            ],
            "sign_in_audience": "AzureADMultipleOrgs",
            "tags": [],
            "timeouts": null,
            "type": "Application"
          },
          "sensitive_attributes": []
        }
      ]
    },
    {
      "mode": "data",
      "type": "azurerm_client_config",
      "name": "current",
      "provider": "provider[\"registry.terraform.io/hashicorp/azurerm\"]",
      "instances": [
        {
          "schema_version": 0,
          "attributes": {
            "client_id": "04b07795-8ddb-461a-bbee-02f9e1bf7b46",
            "id": "Y2xpZW50Q29uZmlncy9jbGllbnRJZD0wNGIwNzc5NS04ZGRiLTQ2MWEtYmJlZS0wMmY5ZTFiZjdiNDY7b2JqZWN0SWQ9OTliMjgxYzktODIzYy00NjMzLWFmOTItOGFjNTU2YTE5YmVlO3N1YnNjcmlwdGlvbklkPTgyZjZkNzVlLTg1ZjQtNDM0YS1hYjc0LTVkZGRkOWZhODkxMDt0ZW5hbnRJZD0xNmIzYzAxMy1kMzAwLTQ2OGQtYWM2NC03ZWRhMDgyMGI2ZDM=",
            "object_id": "99b281c9-823c-4633-af92-8ac556a19bee",
            "subscription_id": "82f6d75e-85f4-434a-ab74-5dddd9fa8910",
            "tenant_id": "16b3c013-d300-468d-ac64-7eda0820b6d3",
            "timeouts": null
          },
          "sensitive_attributes": []
        }
      ]
    },
    {
      "mode": "data",
      "type": "azurerm_kubernetes_service_versions",
      "name": "aks",
      "provider": "provider[\"registry.terraform.io/hashicorp/azurerm\"]",
      "instances": [
        {
          "schema_version": 0,
          "attributes": {
            "id": "/subscriptions/82f6d75e-85f4-434a-ab74-5dddd9fa8910/providers/Microsoft.ContainerService/locations/westeurope",
            "include_preview": true,
            "latest_version": "1.27.1",
            "location": "westeurope",
            "timeouts": null,
            "version_prefix": null,
            "versions": [
              "1.24.9",
              "1.24.10",
              "1.25.5",
              "1.25.6",
              "1.26.0",
              "1.26.3",
              "1.27.1"
            ]
          },
          "sensitive_attributes": []
        }
      ]
    },
    {
      "mode": "data",
      "type": "azurerm_subscription",
      "name": "subscription_spoke",
      "provider": "provider[\"registry.terraform.io/hashicorp/azurerm\"]",
      "instances": [
        {
          "schema_version": 0,
          "attributes": {
            "display_name": "Microsoft-Azure-NonProd",
            "id": "/subscriptions/82f6d75e-85f4-434a-ab74-5dddd9fa8910",
            "location_placement_id": "Internal_2014-09-01",
            "quota_id": "Internal_2014-09-01",
            "spending_limit": "Off",
            "state": "Enabled",
            "subscription_id": "82f6d75e-85f4-434a-ab74-5dddd9fa8910",
            "tags": {
              "tag1": "MCAPS-Hybrid-REQ-46246-2022-HoussemDellai",
              "tag2": "Hybrid"
            },
            "tenant_id": "16b3c013-d300-468d-ac64-7eda0820b6d3",
            "timeouts": null
          },
          "sensitive_attributes": []
        }
      ]
    },
    {
      "mode": "data",
      "type": "http",
      "name": "machine_ip",
      "provider": "provider[\"registry.terraform.io/hashicorp/http\"]",
      "instances": [
        {
          "schema_version": 0,
          "attributes": {
            "body": "176.177.25.47",
            "ca_cert_pem": null,
            "id": "http://ifconfig.me",
            "insecure": null,
            "method": null,
            "request_body": null,
            "request_headers": {
              "Accept": "application/json"
            },
            "request_timeout_ms": null,
            "response_body": "176.177.25.47",
            "response_body_base64": "MTc2LjE3Ny4yNS40Nw==",
            "response_headers": {
              "Access-Control-Allow-Origin": "*",
              "Content-Length": "13",
              "Content-Type": "text/plain; charset=utf-8",
              "Date": "Fri, 28 Jul 2023 10:28:55 GMT",
              "Server": "istio-envoy",
              "Strict-Transport-Security": "max-age=2592000; includeSubDomains",
              "Via": "1.1 google",
              "X-Envoy-Upstream-Service-Time": "1"
            },
            "retry": null,
            "status_code": 200,
            "url": "http://ifconfig.me"
          },
          "sensitive_attributes": []
        }
      ]
    },
    {
      "mode": "data",
      "type": "terraform_remote_state",
      "name": "spoke_aks",
      "provider": "provider[\"terraform.io/builtin/terraform\"]",
      "instances": [
        {
          "schema_version": 0,
          "attributes": {
            "backend": "local",
            "config": {
              "value": {
                "path": "../03_spoke_aks_infra/terraform.tfstate"
              },
              "type": [
                "object",
                {
                  "path": "string"
                }
              ]
            },
            "defaults": null,
            "outputs": {
              "value": {
                "acr": {
                  "id": "/subscriptions/82f6d75e-85f4-434a-ab74-5dddd9fa8910/resourceGroups/rg-lzaks-spoke-aks-infra/providers/Microsoft.ContainerRegistry/registries/acrforakstf01357"
                },
                "application_gateway": {
                  "enabled": false,
                  "id": null
                },
                "dns_zone_apps": {
                  "fqdn": null
                },
                "grafana": {
                  "dns_url": null,
                  "endpoint": "https://grafana-123579-dvbtezd6gycyckbc.weu.grafana.azure.com",
                  "id": "/subscriptions/82f6d75e-85f4-434a-ab74-5dddd9fa8910/resourceGroups/rg-lzaks-spoke-aks-infra/providers/Microsoft.Dashboard/grafana/grafana-123579"
                },
                "prometheus": {
                  "data_collection_endpoint_id": "/subscriptions/82f6d75e-85f4-434a-ab74-5dddd9fa8910/resourceGroups/rg-lzaks-spoke-aks-infra/providers/Microsoft.Insights/dataCollectionEndpoints/prometheus-data-collection-endpoint",
                  "data_collection_rule_id": "/subscriptions/82f6d75e-85f4-434a-ab74-5dddd9fa8910/resourceGroups/rg-lzaks-spoke-aks-infra/providers/Microsoft.Insights/dataCollectionRules/prometheus-data-collection-rule",
                  "id": "/subscriptions/82f6d75e-85f4-434a-ab74-5dddd9fa8910/resourceGroups/rg-lzaks-spoke-aks-infra/providers/Microsoft.Monitor/accounts/monitor-workspace-prometheus"
                },
                "vnet_spoke_aks": {
                  "address_space": [
                    "10.1.0.0/16"
                  ],
                  "id": "/subscriptions/82f6d75e-85f4-434a-ab74-5dddd9fa8910/resourceGroups/rg-lzaks-spoke-aks-infra/providers/Microsoft.Network/virtualNetworks/vnet-spoke-aks",
                  "resource_group_name": "rg-lzaks-spoke-aks-infra",
                  "virtual_network_name": "vnet-spoke-aks"
                }
              },
              "type": [
                "object",
                {
                  "acr": [
                    "object",
                    {
                      "id": "string"
                    }
                  ],
                  "application_gateway": [
                    "object",
                    {
                      "enabled": "bool",
                      "id": "dynamic"
                    }
                  ],
                  "dns_zone_apps": [
                    "object",
                    {
                      "fqdn": "dynamic"
                    }
                  ],
                  "grafana": [
                    "object",
                    {
                      "dns_url": "dynamic",
                      "endpoint": "string",
                      "id": "string"
                    }
                  ],
                  "prometheus": [
                    "object",
                    {
                      "data_collection_endpoint_id": "string",
                      "data_collection_rule_id": "string",
                      "id": "string"
                    }
                  ],
                  "vnet_spoke_aks": [
                    "object",
                    {
                      "address_space": [
                        "list",
                        "string"
                      ],
                      "id": "string",
                      "resource_group_name": "string",
                      "virtual_network_name": "string"
                    }
                  ]
                }
              ]
            },
            "workspace": null
          },
          "sensitive_attributes": []
        }
      ]
    },
    {
      "mode": "managed",
      "type": "azapi_update_resource",
      "name": "aks_enable_network_observability",
      "provider": "provider[\"registry.terraform.io/azure/azapi\"]",
      "instances": [
        {
          "schema_version": 0,
          "attributes": {
            "body": "{\"properties\":{\"networkProfile\":{\"monitoring\":{\"enabled\":true}}}}",
            "id": "/subscriptions/82f6d75e-85f4-434a-ab74-5dddd9fa8910/resourceGroups/rg-lzaks-spoke-aks-cluster/providers/Microsoft.ContainerService/managedClusters/aks-cluster-weu",
            "ignore_casing": false,
            "ignore_missing_property": true,
            "locks": null,
            "name": "aks-cluster-weu",
            "output": "{}",
            "parent_id": "/subscriptions/82f6d75e-85f4-434a-ab74-5dddd9fa8910/resourceGroups/rg-lzaks-spoke-aks-cluster",
            "resource_id": "/subscriptions/82f6d75e-85f4-434a-ab74-5dddd9fa8910/resourceGroups/rg-lzaks-spoke-aks-cluster/providers/Microsoft.ContainerService/managedClusters/aks-cluster-weu",
            "response_export_values": null,
            "timeouts": null,
            "type": "Microsoft.ContainerService/managedClusters@2023-05-02-preview"
          },
          "sensitive_attributes": [],
          "private": "eyJlMmJmYjczMC1lY2FhLTExZTYtOGY4OC0zNDM2M2JjN2M0YzAiOnsiY3JlYXRlIjoxODAwMDAwMDAwMDAwLCJkZWxldGUiOjE4MDAwMDAwMDAwMDAsInJlYWQiOjMwMDAwMDAwMDAwMCwidXBkYXRlIjoxODAwMDAwMDAwMDAwfX0=",
          "dependencies": [
            "azuread_group.aks_admins",
            "azurerm_kubernetes_cluster.aks",
            "azurerm_kubernetes_cluster_node_pool.poolapps",
            "azurerm_kubernetes_cluster_node_pool.poolspot",
            "azurerm_private_dns_zone.private_dns_zone_aks",
            "azurerm_resource_group.rg_spoke_aks_cluster",
            "azurerm_subnet.subnet_apiserver",
            "azurerm_subnet.subnet_nodes",
            "azurerm_subnet.subnet_nodes_user_nodepool",
            "azurerm_subnet.subnet_pods",
            "azurerm_subnet.subnet_pods_user_nodepool",
            "azurerm_subnet_route_table_association.association_route_table_subnet_nodes",
            "azurerm_subnet_route_table_association.association_route_table_subnet_pods",
            "azurerm_subnet_route_table_association.association_route_table_subnet_system_nodes",
            "azurerm_subnet_route_table_association.association_route_table_subnet_system_pods",
            "azurerm_user_assigned_identity.identity-kubelet",
            "azurerm_user_assigned_identity.identity_aks",
            "data.azurerm_subscription.subscription_spoke",
            "data.terraform_remote_state.management",
            "data.terraform_remote_state.spoke_aks"
          ]
        }
      ]
    },
    {
      "mode": "managed",
      "type": "azurerm_kubernetes_cluster",
      "name": "aks",
      "provider": "provider[\"registry.terraform.io/hashicorp/azurerm\"]",
      "instances": [
        {
          "schema_version": 2,
          "attributes": {
            "aci_connector_linux": [],
            "api_server_access_profile": [
              {
                "authorized_ip_ranges": [
                  "0.0.0.0/0"
                ],
                "subnet_id": "",
                "vnet_integration_enabled": false
              }
            ],
            "api_server_authorized_ip_ranges": [
              "0.0.0.0/0"
            ],
            "auto_scaler_profile": [
              {
                "balance_similar_node_groups": false,
                "empty_bulk_delete_max": "10",
                "expander": "random",
                "max_graceful_termination_sec": "600",
                "max_node_provisioning_time": "15m",
                "max_unready_nodes": 3,
                "max_unready_percentage": 45,
                "new_pod_scale_up_delay": "10s",
                "scale_down_delay_after_add": "10m",
                "scale_down_delay_after_delete": "10s",
                "scale_down_delay_after_failure": "3m",
                "scale_down_unneeded": "10m",
                "scale_down_unready": "20m",
                "scale_down_utilization_threshold": "0.5",
                "scan_interval": "10s",
                "skip_nodes_with_local_storage": true,
                "skip_nodes_with_system_pods": true
              }
            ],
            "automatic_channel_upgrade": "node-image",
            "azure_active_directory_role_based_access_control": [
              {
                "admin_group_object_ids": null,
                "azure_rbac_enabled": true,
                "client_app_id": "",
                "managed": true,
                "server_app_id": "",
                "server_app_secret": "",
                "tenant_id": "16b3c013-d300-468d-ac64-7eda0820b6d3"
              }
            ],
            "azure_policy_enabled": true,
            "confidential_computing": [],
            "custom_ca_trust_certificates_base64": null,
            "default_node_pool": [
              {
                "capacity_reservation_group_id": "",
                "custom_ca_trust_enabled": false,
                "enable_auto_scaling": true,
                "enable_host_encryption": false,
                "enable_node_public_ip": false,
                "fips_enabled": false,
                "host_group_id": "",
                "kubelet_config": [],
                "kubelet_disk_type": "OS",
                "linux_os_config": [],
                "max_count": 3,
                "max_pods": 110,
                "message_of_the_day": "Hello from Azure AKS cluster!",
                "min_count": 1,
                "name": "systempool",
                "node_count": 3,
                "node_labels": {},
                "node_network_profile": [],
                "node_public_ip_prefix_id": "",
                "node_taints": null,
                "only_critical_addons_enabled": false,
                "orchestrator_version": "1.27.1",
                "os_disk_size_gb": 40,
                "os_disk_type": "Managed",
                "os_sku": "Ubuntu",
                "pod_subnet_id": "/subscriptions/82f6d75e-85f4-434a-ab74-5dddd9fa8910/resourceGroups/rg-lzaks-spoke-aks-infra/providers/Microsoft.Network/virtualNetworks/vnet-spoke-aks/subnets/subnet-pods",
                "proximity_placement_group_id": "",
                "scale_down_mode": "Deallocate",
                "tags": {
                  "architecture": "Hub\u0026Spoke",
                  "environment": "development",
                  "source": "terraform"
                },
                "temporary_name_for_rotation": "systempool",
                "type": "VirtualMachineScaleSets",
                "ultra_ssd_enabled": false,
                "upgrade_settings": [],
                "vm_size": "Standard_D2s_v5",
                "vnet_subnet_id": "/subscriptions/82f6d75e-85f4-434a-ab74-5dddd9fa8910/resourceGroups/rg-lzaks-spoke-aks-infra/providers/Microsoft.Network/virtualNetworks/vnet-spoke-aks/subnets/subnet-nodes",
                "workload_runtime": "OCIContainer",
                "zones": [
                  "1",
                  "2",
                  "3"
                ]
              }
            ],
            "disk_encryption_set_id": "",
            "dns_prefix": "aks",
            "dns_prefix_private_cluster": "",
            "edge_zone": "",
            "enable_pod_security_policy": false,
            "fqdn": "aks-81ecgr5u.hcp.westeurope.azmk8s.io",
            "http_application_routing_enabled": false,
            "http_application_routing_zone_name": "",
            "http_proxy_config": [],
            "id": "/subscriptions/82f6d75e-85f4-434a-ab74-5dddd9fa8910/resourceGroups/rg-lzaks-spoke-aks-cluster/providers/Microsoft.ContainerService/managedClusters/aks-cluster-weu",
            "identity": [
              {
                "identity_ids": [
                  "/subscriptions/82f6d75e-85f4-434a-ab74-5dddd9fa8910/resourceGroups/rg-lzaks-spoke-aks-cluster/providers/Microsoft.ManagedIdentity/userAssignedIdentities/identity-aks"
                ],
                "principal_id": "",
                "tenant_id": "",
                "type": "UserAssigned"
              }
            ],
            "image_cleaner_enabled": true,
            "image_cleaner_interval_hours": 24,
            "ingress_application_gateway": [],
            "key_management_service": [],
            "key_vault_secrets_provider": [
              {
                "secret_identity": [
                  {
                    "client_id": "3f0b7954-36bd-4226-981b-c3d98d9bd575",
                    "object_id": "d788cd61-2fa7-466f-a0ef-6e6711b8077d",
                    "user_assigned_identity_id": "/subscriptions/82f6d75e-85f4-434a-ab74-5dddd9fa8910/resourcegroups/rg-lzaks-spoke-aks-nodes-weu/providers/Microsoft.ManagedIdentity/userAssignedIdentities/azurekeyvaultsecretsprovider-aks-cluster-weu"
                  }
                ],
                "secret_rotation_enabled": true,
                "secret_rotation_interval": "2m"
              }
            ],
            "kube_admin_config": [],
            "kube_admin_config_raw": "",
            "kube_config": [
              {
                "client_certificate": "",
                "client_key": "",
                "cluster_ca_certificate": "LS0tLS1CRUdJTiBDRVJUSUZJQ0FURS0tLS0tCk1JSUU2VENDQXRHZ0F3SUJBZ0lSQU1jbGZlK0EyY1VLekk5ai95S2twd013RFFZSktvWklodmNOQVFFTEJRQXcKRFRFTE1Ba0dBMVVFQXhNQ1kyRXdJQmNOTWpNd056STRNVEF5T0RRM1doZ1BNakExTXpBM01qZ3hNRE00TkRkYQpNQTB4Q3pBSkJnTlZCQU1UQW1OaE1JSUNJakFOQmdrcWhraUc5dzBCQVFFRkFBT0NBZzhBTUlJQ0NnS0NBZ0VBCnVKaG9ySC80N3VlNGowTHlTeVV4dXA1SjJKRzNUSTk0MmhSb0E0SEJLS1IvMTZva0lWT2U3dEo0dzZ5RThKVysKRVFHWHVHelY0a3hoeGJtajBOYnhqaU9vQlBFVmZ4Q0dxOE9RL0NHeGJqVUVyeHNveS82MHJVeUtBRVQrODFoTQorU2x4UGZMeGxMb3RjdjNBSTVCTVo2NW42cnQ4WjFhME1idDU3b0trd2dtQWprWVUrd3JSWUZuVGtJSUFVMnFQCm9tYjBpVlNpazB2MVBwYkFvVWJuWlBacW5JT2Z3Y0MvTjdhYXJkeTh0a3B3UUt6K1JSZzJZeFhyVXg1dUtqUXcKR2JvTkNaamg5OEQ4blgxS0JPVDFqakVVZDgwQkYyOVk1N2lvSG43K2IyOUZZTnFFWHpMQjV4SUxIN2t0bUYvTQpFRVY2ZWhWRDJIeFh6Ukk1S05qVmJ3dmNDbnp3L0tRWEZ3ZXhHU2NtcCs4WW4vc09nNHB0YXhxeWIwbkhhcXlaCjIyaVlrZ1F1NFAvSmEyM2o3MWYzNnJYU2I0TDFTUlhVdzhNRFJDZXlVNzE2WERvMW54MWM2WnlkcW43ZFp5T2kKRGpsSU1QN2ZtdHNLV09lZVpreDBDbjRYZVRYbFBKS0hrdDJBRGc2L0IvZlZGT1ZKd20yMk4xSG9ZUWN2eG1CTApKeW9tYnZUUmRpWTBxWno0d3JRM3dMT2JSS3BCeFhaMk9NYjJnejB3YWtrV1AzRC9SVnEzUVlCQTBScWlXTC9MCjkyUlFHYVFrRm1PSFFYakx3TzdTcTZKeE5tNXpHc0plN2xCQW8rK0RHV0d5cXQ0akZkUXBMWFFwWkpvL3FxdjIKb2dGVENXaXNhbG53a0dSVVZNUW41bmM4dnhrV2d6SERmRnB6Y00rSVRrRUNBd0VBQWFOQ01FQXdEZ1lEVlIwUApBUUgvQkFRREFnS2tNQThHQTFVZEV3RUIvd1FGTUFNQkFmOHdIUVlEVlIwT0JCWUVGS3FxSlEyV3YwdUJLVjZlCkQ5Sk0yUUx3eDB5d01BMEdDU3FHU0liM0RRRUJDd1VBQTRJQ0FRQ3hWNU16UVluK0orYUFINk1KNE1TeHNheVUKVm5mN3NzM0F4akg5QllMYlJqTlFjQ3Y2SFlLdUtqVjUzdUg0RkJyNC93MVFrbzZwZG85WmE3QmJRam9Hczh3YQpFMUJMMEFxRTZPYmZsVDcxZVdqenRqODNSbXkvWGFDRFFFSnJjMFpkMjBzQ0J0bVp1RzdmYTlET3JRQ0E4cXZSCjdpbnZxT1ZFZ3VZRis5N1Vsa29uT3ZZNjRwekVJL055VjZOcWNrMUxnWmpta0JGeXYxMyttY3VWSHpNajlxUmcKdXBxeWVVYWx3ZWtFWlRZTytTbmkrMnJpYlJONW5jblVHeFJqMzNEMGhVWGJLazQxdlhtazNGNGtSTElOeUVwTApleEk1cWQvNHRGQWF5bjhPOEpoWXNlU2pTa2VRcC92K3YyTkRuWkhUdisvd1Q4eHFRcFU2NVlxVHhHUlV4NVhEClJTUkUwbDdqVlZtcHhuK2ZBU0tCNlJSY2J5cjRDT2hmd0d6TjN1L2l6TlB2cnNoNTdqOTRRRmhKMitEQmNJRHQKc3JDWUQzWTA4NTY1d2RPbkZIbnk4OU5xOEd6VXZjWjhXN3Rya0tIY3czRDdVWXp6emJwY2l4bWxiaHd6dUJ4Mgp2SFVEckk3eUduNk5pcm0zVktOempITURvMHl1VVlOTnRESzh6dy8vYUZFZU9yRDNRZll3VWhzK0ZhR0RPZVphCkdIZXBrKzNEcVJ0QXVTam5RNDNVQkhWYTB5SUQxc21xQ3docGFnK0REU0dUZGEvOGxiTmxsUWM3ZmNOL3BNbTcKQzd2cTRoM1hYV01Ld0EwUmFNbUFoS05UMUJ4TEhTOHFkTkM0b2VHcStaN2xDTE93QUZPRGlxWHJWYXpNVys1WQo4aVdNT3hadXhZNHdPREVTd3c9PQotLS0tLUVORCBDRVJUSUZJQ0FURS0tLS0tCg==",
                "host": "https://aks-81ecgr5u.hcp.westeurope.azmk8s.io:443",
                "password": "",
                "username": "clusterUser_rg-lzaks-spoke-aks-cluster_aks-cluster-weu"
              }
            ],
            "kube_config_raw": "apiVersion: v1\nclusters:\n- cluster:\n    certificate-authority-data: LS0tLS1CRUdJTiBDRVJUSUZJQ0FURS0tLS0tCk1JSUU2VENDQXRHZ0F3SUJBZ0lSQU1jbGZlK0EyY1VLekk5ai95S2twd013RFFZSktvWklodmNOQVFFTEJRQXcKRFRFTE1Ba0dBMVVFQXhNQ1kyRXdJQmNOTWpNd056STRNVEF5T0RRM1doZ1BNakExTXpBM01qZ3hNRE00TkRkYQpNQTB4Q3pBSkJnTlZCQU1UQW1OaE1JSUNJakFOQmdrcWhraUc5dzBCQVFFRkFBT0NBZzhBTUlJQ0NnS0NBZ0VBCnVKaG9ySC80N3VlNGowTHlTeVV4dXA1SjJKRzNUSTk0MmhSb0E0SEJLS1IvMTZva0lWT2U3dEo0dzZ5RThKVysKRVFHWHVHelY0a3hoeGJtajBOYnhqaU9vQlBFVmZ4Q0dxOE9RL0NHeGJqVUVyeHNveS82MHJVeUtBRVQrODFoTQorU2x4UGZMeGxMb3RjdjNBSTVCTVo2NW42cnQ4WjFhME1idDU3b0trd2dtQWprWVUrd3JSWUZuVGtJSUFVMnFQCm9tYjBpVlNpazB2MVBwYkFvVWJuWlBacW5JT2Z3Y0MvTjdhYXJkeTh0a3B3UUt6K1JSZzJZeFhyVXg1dUtqUXcKR2JvTkNaamg5OEQ4blgxS0JPVDFqakVVZDgwQkYyOVk1N2lvSG43K2IyOUZZTnFFWHpMQjV4SUxIN2t0bUYvTQpFRVY2ZWhWRDJIeFh6Ukk1S05qVmJ3dmNDbnp3L0tRWEZ3ZXhHU2NtcCs4WW4vc09nNHB0YXhxeWIwbkhhcXlaCjIyaVlrZ1F1NFAvSmEyM2o3MWYzNnJYU2I0TDFTUlhVdzhNRFJDZXlVNzE2WERvMW54MWM2WnlkcW43ZFp5T2kKRGpsSU1QN2ZtdHNLV09lZVpreDBDbjRYZVRYbFBKS0hrdDJBRGc2L0IvZlZGT1ZKd20yMk4xSG9ZUWN2eG1CTApKeW9tYnZUUmRpWTBxWno0d3JRM3dMT2JSS3BCeFhaMk9NYjJnejB3YWtrV1AzRC9SVnEzUVlCQTBScWlXTC9MCjkyUlFHYVFrRm1PSFFYakx3TzdTcTZKeE5tNXpHc0plN2xCQW8rK0RHV0d5cXQ0akZkUXBMWFFwWkpvL3FxdjIKb2dGVENXaXNhbG53a0dSVVZNUW41bmM4dnhrV2d6SERmRnB6Y00rSVRrRUNBd0VBQWFOQ01FQXdEZ1lEVlIwUApBUUgvQkFRREFnS2tNQThHQTFVZEV3RUIvd1FGTUFNQkFmOHdIUVlEVlIwT0JCWUVGS3FxSlEyV3YwdUJLVjZlCkQ5Sk0yUUx3eDB5d01BMEdDU3FHU0liM0RRRUJDd1VBQTRJQ0FRQ3hWNU16UVluK0orYUFINk1KNE1TeHNheVUKVm5mN3NzM0F4akg5QllMYlJqTlFjQ3Y2SFlLdUtqVjUzdUg0RkJyNC93MVFrbzZwZG85WmE3QmJRam9Hczh3YQpFMUJMMEFxRTZPYmZsVDcxZVdqenRqODNSbXkvWGFDRFFFSnJjMFpkMjBzQ0J0bVp1RzdmYTlET3JRQ0E4cXZSCjdpbnZxT1ZFZ3VZRis5N1Vsa29uT3ZZNjRwekVJL055VjZOcWNrMUxnWmpta0JGeXYxMyttY3VWSHpNajlxUmcKdXBxeWVVYWx3ZWtFWlRZTytTbmkrMnJpYlJONW5jblVHeFJqMzNEMGhVWGJLazQxdlhtazNGNGtSTElOeUVwTApleEk1cWQvNHRGQWF5bjhPOEpoWXNlU2pTa2VRcC92K3YyTkRuWkhUdisvd1Q4eHFRcFU2NVlxVHhHUlV4NVhEClJTUkUwbDdqVlZtcHhuK2ZBU0tCNlJSY2J5cjRDT2hmd0d6TjN1L2l6TlB2cnNoNTdqOTRRRmhKMitEQmNJRHQKc3JDWUQzWTA4NTY1d2RPbkZIbnk4OU5xOEd6VXZjWjhXN3Rya0tIY3czRDdVWXp6emJwY2l4bWxiaHd6dUJ4Mgp2SFVEckk3eUduNk5pcm0zVktOempITURvMHl1VVlOTnRESzh6dy8vYUZFZU9yRDNRZll3VWhzK0ZhR0RPZVphCkdIZXBrKzNEcVJ0QXVTam5RNDNVQkhWYTB5SUQxc21xQ3docGFnK0REU0dUZGEvOGxiTmxsUWM3ZmNOL3BNbTcKQzd2cTRoM1hYV01Ld0EwUmFNbUFoS05UMUJ4TEhTOHFkTkM0b2VHcStaN2xDTE93QUZPRGlxWHJWYXpNVys1WQo4aVdNT3hadXhZNHdPREVTd3c9PQotLS0tLUVORCBDRVJUSUZJQ0FURS0tLS0tCg==\n    server: https://aks-81ecgr5u.hcp.westeurope.azmk8s.io:443\n  name: aks-cluster-weu\ncontexts:\n- context:\n    cluster: aks-cluster-weu\n    user: clusterUser_rg-lzaks-spoke-aks-cluster_aks-cluster-weu\n  name: aks-cluster-weu\ncurrent-context: aks-cluster-weu\nkind: Config\npreferences: {}\nusers:\n- name: clusterUser_rg-lzaks-spoke-aks-cluster_aks-cluster-weu\n  user:\n    exec:\n      apiVersion: client.authentication.k8s.io/v1beta1\n      args:\n      - get-token\n      - --environment\n      - AzurePublicCloud\n      - --server-id\n      - 6dae42f8-4368-4678-94ff-3960e28e3630\n      - --client-id\n      - 80faf920-1908-4b52-b5ef-a8e7bedfc67a\n      - --tenant-id\n      - 16b3c013-d300-468d-ac64-7eda0820b6d3\n      - --login\n      - devicecode\n      command: kubelogin\n      env: null\n      installHint: |2\n\n        kubelogin is not installed which is required to connect to AAD enabled cluster.\n\n        To learn more, please go to https://aka.ms/aks/kubelogin\n      provideClusterInfo: false\n",
            "kubelet_identity": [
              {
                "client_id": "15f411e4-c3e5-4bba-be4a-d81545e12765",
                "object_id": "cc9ff26f-b64a-4420-bad4-a4f5ff15c0dc",
                "user_assigned_identity_id": "/subscriptions/82f6d75e-85f4-434a-ab74-5dddd9fa8910/resourceGroups/rg-lzaks-spoke-aks-cluster/providers/Microsoft.ManagedIdentity/userAssignedIdentities/identity-kubelet"
              }
            ],
            "kubernetes_version": "1.27.1",
            "linux_profile": [],
            "local_account_disabled": true,
            "location": "westeurope",
            "maintenance_window": [],
            "maintenance_window_auto_upgrade": [],
            "maintenance_window_node_os": [],
            "microsoft_defender": [],
            "monitor_metrics": [
              {
                "annotations_allowed": null,
                "labels_allowed": null
              }
            ],
            "name": "aks-cluster-weu",
            "network_profile": [
              {
                "dns_service_ip": "10.0.0.10",
                "docker_bridge_cidr": "",
                "ebpf_data_plane": "",
                "ip_versions": [
                  "IPv4"
                ],
                "load_balancer_profile": [
                  {
                    "effective_outbound_ips": [
                      "/subscriptions/82f6d75e-85f4-434a-ab74-5dddd9fa8910/resourceGroups/rg-lzaks-spoke-aks-nodes-weu/providers/Microsoft.Network/publicIPAddresses/50f68d3a-332e-4124-87e6-ed1349048c2d",
                      "/subscriptions/82f6d75e-85f4-434a-ab74-5dddd9fa8910/resourceGroups/rg-lzaks-spoke-aks-nodes-weu/providers/Microsoft.Network/publicIPAddresses/587b234d-16cf-49ae-8b0d-6182c9defaeb"
                    ],
                    "idle_timeout_in_minutes": 30,
                    "managed_outbound_ip_count": 2,
                    "managed_outbound_ipv6_count": 0,
                    "outbound_ip_address_ids": [],
                    "outbound_ip_prefix_ids": [],
                    "outbound_ports_allocated": 0
                  }
                ],
                "load_balancer_sku": "standard",
                "nat_gateway_profile": [],
                "network_mode": "",
                "network_plugin": "azure",
                "network_plugin_mode": "",
                "network_policy": "calico",
                "outbound_type": "loadBalancer",
                "pod_cidr": "",
                "pod_cidrs": [],
                "service_cidr": "10.0.0.0/16",
                "service_cidrs": [
                  "10.0.0.0/16"
                ]
              }
            ],
            "node_os_channel_upgrade": "NodeImage",
            "node_resource_group": "rg-lzaks-spoke-aks-nodes-weu",
            "node_resource_group_id": "/subscriptions/82f6d75e-85f4-434a-ab74-5dddd9fa8910/resourceGroups/rg-lzaks-spoke-aks-nodes-weu",
            "oidc_issuer_enabled": true,
            "oidc_issuer_url": "https://westeurope.oic.prod-aks.azure.com/16b3c013-d300-468d-ac64-7eda0820b6d3/305831d6-4255-4df9-b190-8bee4d73904c/",
            "oms_agent": [],
            "open_service_mesh_enabled": true,
            "portal_fqdn": "aks-81ecgr5u.portal.hcp.westeurope.azmk8s.io",
            "private_cluster_enabled": false,
            "private_cluster_public_fqdn_enabled": false,
            "private_dns_zone_id": "",
            "private_fqdn": "",
            "public_network_access_enabled": true,
            "resource_group_name": "rg-lzaks-spoke-aks-cluster",
            "role_based_access_control_enabled": true,
            "run_command_enabled": true,
            "service_mesh_profile": [],
            "service_principal": [],
            "sku_tier": "Free",
            "storage_profile": [
              {
                "blob_driver_enabled": true,
                "disk_driver_enabled": true,
                "disk_driver_version": "v1",
                "file_driver_enabled": true,
                "snapshot_controller_enabled": true
              }
            ],
            "tags": {
              "architecture": "Hub\u0026Spoke",
              "environment": "development",
              "source": "terraform"
            },
            "timeouts": null,
            "web_app_routing": [],
            "windows_profile": [
              {
                "admin_password": "",
                "admin_username": "azureuser",
                "gmsa": [],
                "license": ""
              }
            ],
            "workload_autoscaler_profile": [
              {
                "keda_enabled": false,
                "vertical_pod_autoscaler_controlled_values": "RequestsAndLimits",
                "vertical_pod_autoscaler_enabled": true,
                "vertical_pod_autoscaler_update_mode": "Off"
              }
            ],
            "workload_identity_enabled": true
          },
          "sensitive_attributes": [],
          "private": "eyJlMmJmYjczMC1lY2FhLTExZTYtOGY4OC0zNDM2M2JjN2M0YzAiOnsiY3JlYXRlIjo1NDAwMDAwMDAwMDAwLCJkZWxldGUiOjU0MDAwMDAwMDAwMDAsInJlYWQiOjMwMDAwMDAwMDAwMCwidXBkYXRlIjo1NDAwMDAwMDAwMDAwfSwic2NoZW1hX3ZlcnNpb24iOiIyIn0=",
          "dependencies": [
            "azuread_group.aks_admins",
            "azurerm_private_dns_zone.private_dns_zone_aks",
            "azurerm_resource_group.rg_spoke_aks_cluster",
            "azurerm_subnet.subnet_apiserver",
            "azurerm_subnet.subnet_nodes",
            "azurerm_subnet.subnet_nodes_user_nodepool",
            "azurerm_subnet.subnet_pods",
            "azurerm_subnet.subnet_pods_user_nodepool",
            "azurerm_subnet_route_table_association.association_route_table_subnet_nodes",
            "azurerm_subnet_route_table_association.association_route_table_subnet_pods",
            "azurerm_subnet_route_table_association.association_route_table_subnet_system_nodes",
            "azurerm_subnet_route_table_association.association_route_table_subnet_system_pods",
            "azurerm_user_assigned_identity.identity-kubelet",
            "azurerm_user_assigned_identity.identity_aks",
            "data.azurerm_subscription.subscription_spoke",
            "data.terraform_remote_state.management",
            "data.terraform_remote_state.spoke_aks"
          ]
        }
      ]
    },
    {
      "mode": "managed",
      "type": "azurerm_kubernetes_cluster_node_pool",
      "name": "poolapps",
      "provider": "provider[\"registry.terraform.io/hashicorp/azurerm\"]",
      "instances": [
        {
          "index_key": "poolappsamd",
          "schema_version": 1,
          "attributes": {
            "capacity_reservation_group_id": "",
            "custom_ca_trust_enabled": false,
            "enable_auto_scaling": true,
            "enable_host_encryption": false,
            "enable_node_public_ip": false,
            "eviction_policy": "",
            "fips_enabled": false,
            "host_group_id": "",
            "id": "/subscriptions/82f6d75e-85f4-434a-ab74-5dddd9fa8910/resourceGroups/rg-lzaks-spoke-aks-cluster/providers/Microsoft.ContainerService/managedClusters/aks-cluster-weu/agentPools/poolappsamd",
            "kubelet_config": [],
            "kubelet_disk_type": "OS",
            "kubernetes_cluster_id": "/subscriptions/82f6d75e-85f4-434a-ab74-5dddd9fa8910/resourceGroups/rg-lzaks-spoke-aks-cluster/providers/Microsoft.ContainerService/managedClusters/aks-cluster-weu",
            "linux_os_config": [],
            "max_count": 3,
            "max_pods": 250,
            "message_of_the_day": "Hello from Azure AKS cluster!",
            "min_count": 1,
            "mode": "User",
            "name": "poolappsamd",
            "node_count": 1,
            "node_labels": {},
            "node_network_profile": [],
            "node_public_ip_prefix_id": "",
            "node_taints": null,
            "orchestrator_version": "1.27.1",
            "os_disk_size_gb": 60,
            "os_disk_type": "Managed",
            "os_sku": "Ubuntu",
            "os_type": "Linux",
            "pod_subnet_id": "/subscriptions/82f6d75e-85f4-434a-ab74-5dddd9fa8910/resourceGroups/rg-lzaks-spoke-aks-infra/providers/Microsoft.Network/virtualNetworks/vnet-spoke-aks/subnets/subnet-pods-poolappsamd",
            "priority": "Regular",
            "proximity_placement_group_id": "",
            "scale_down_mode": "Delete",
            "snapshot_id": null,
            "spot_max_price": -1,
            "tags": {
              "architecture": "Hub\u0026Spoke",
              "environment": "development",
              "source": "terraform"
            },
            "timeouts": null,
            "ultra_ssd_enabled": false,
            "upgrade_settings": [
              {
                "max_surge": "3"
              }
            ],
            "vm_size": "Standard_D2s_v5",
            "vnet_subnet_id": "/subscriptions/82f6d75e-85f4-434a-ab74-5dddd9fa8910/resourceGroups/rg-lzaks-spoke-aks-infra/providers/Microsoft.Network/virtualNetworks/vnet-spoke-aks/subnets/subnet-nodes-poolappsamd",
            "windows_profile": [],
            "workload_runtime": "OCIContainer",
            "zones": [
              "1",
              "2",
              "3"
            ]
          },
          "sensitive_attributes": [],
          "private": "eyJlMmJmYjczMC1lY2FhLTExZTYtOGY4OC0zNDM2M2JjN2M0YzAiOnsiY3JlYXRlIjozNjAwMDAwMDAwMDAwLCJkZWxldGUiOjM2MDAwMDAwMDAwMDAsInJlYWQiOjMwMDAwMDAwMDAwMCwidXBkYXRlIjozNjAwMDAwMDAwMDAwfSwic2NoZW1hX3ZlcnNpb24iOiIxIn0=",
          "dependencies": [
            "azuread_group.aks_admins",
            "azurerm_kubernetes_cluster.aks",
            "azurerm_private_dns_zone.private_dns_zone_aks",
            "azurerm_resource_group.rg_spoke_aks_cluster",
            "azurerm_subnet.subnet_apiserver",
            "azurerm_subnet.subnet_nodes",
            "azurerm_subnet.subnet_nodes_user_nodepool",
            "azurerm_subnet.subnet_pods",
            "azurerm_subnet.subnet_pods_user_nodepool",
            "azurerm_subnet_route_table_association.association_route_table_subnet_nodes",
            "azurerm_subnet_route_table_association.association_route_table_subnet_pods",
            "azurerm_subnet_route_table_association.association_route_table_subnet_system_nodes",
            "azurerm_subnet_route_table_association.association_route_table_subnet_system_pods",
            "azurerm_user_assigned_identity.identity-kubelet",
            "azurerm_user_assigned_identity.identity_aks",
            "data.azurerm_subscription.subscription_spoke",
            "data.terraform_remote_state.management",
            "data.terraform_remote_state.spoke_aks"
          ]
        }
      ]
    },
    {
      "mode": "managed",
      "type": "azurerm_monitor_alert_prometheus_rule_group",
      "name": "example_k8s",
      "provider": "provider[\"registry.terraform.io/hashicorp/azurerm\"]",
      "instances": [
        {
          "schema_version": 0,
          "attributes": {
            "cluster_name": "aks-cluster-weu",
            "description": "",
            "id": "/subscriptions/82f6d75e-85f4-434a-ab74-5dddd9fa8910/resourceGroups/rg-lzaks-spoke-aks-cluster/providers/Microsoft.AlertsManagement/prometheusRuleGroups/KubernetesRecordingRulesRuleGroup",
            "interval": "PT1M",
            "location": "westeurope",
            "name": "KubernetesRecordingRulesRuleGroup",
            "resource_group_name": "rg-lzaks-spoke-aks-cluster",
            "rule": [
              {
                "action": [],
                "alert": "",
                "alert_resolution": [],
                "annotations": null,
                "enabled": false,
                "expression": "sum by (cluster, namespace, pod, container) (irate(container_cpu_usage_seconds_total{job=\"cadvisor\", image!=\"\"}[5m])) * on (cluster, namespace, pod) group_left(node) topk by (cluster, namespace, pod) (1, max by(cluster, namespace, pod, node) (kube_pod_info{node!=\"\"}))",
                "for": "",
                "labels": null,
                "record": "node_namespace_pod_container:container_cpu_usage_seconds_total:sum_irate",
                "severity": 0
              },
              {
                "action": [],
                "alert": "",
                "alert_resolution": [],
                "annotations": null,
                "enabled": false,
                "expression": "container_memory_working_set_bytes{job=\"cadvisor\", image!=\"\"}* on (namespace, pod) group_left(node) topk by(namespace, pod) (1, max by(namespace, pod, node) (kube_pod_info{node!=\"\"}))",
                "for": "",
                "labels": null,
                "record": "node_namespace_pod_container:container_memory_working_set_bytes",
                "severity": 0
              },
              {
                "action": [],
                "alert": "",
                "alert_resolution": [],
                "annotations": null,
                "enabled": false,
                "expression": "container_memory_rss{job=\"cadvisor\", image!=\"\"}* on (namespace, pod) group_left(node) topk by(namespace, pod) (1, max by(namespace, pod, node) (kube_pod_info{node!=\"\"}))",
                "for": "",
                "labels": null,
                "record": "node_namespace_pod_container:container_memory_rss",
                "severity": 0
              },
              {
                "action": [],
                "alert": "",
                "alert_resolution": [],
                "annotations": null,
                "enabled": false,
                "expression": "container_memory_cache{job=\"cadvisor\", image!=\"\"}* on (namespace, pod) group_left(node) topk by(namespace, pod) (1, max by(namespace, pod, node) (kube_pod_info{node!=\"\"}))",
                "for": "",
                "labels": null,
                "record": "node_namespace_pod_container:container_memory_cache",
                "severity": 0
              },
              {
                "action": [],
                "alert": "",
                "alert_resolution": [],
                "annotations": null,
                "enabled": false,
                "expression": "container_memory_swap{job=\"cadvisor\", image!=\"\"}* on (namespace, pod) group_left(node) topk by(namespace, pod) (1, max by(namespace, pod, node) (kube_pod_info{node!=\"\"}))",
                "for": "",
                "labels": null,
                "record": "node_namespace_pod_container:container_memory_swap",
                "severity": 0
              },
              {
                "action": [],
                "alert": "",
                "alert_resolution": [],
                "annotations": null,
                "enabled": false,
                "expression": "kube_pod_container_resource_requests{resource=\"memory\",job=\"kube-state-metrics\"} * on(namespace, pod, cluster)group_left() max by (namespace, pod, cluster) ((kube_pod_status_phase{phase=~\"Pending|Running\"} == 1))",
                "for": "",
                "labels": null,
                "record": "cluster:namespace:pod_memory:active:kube_pod_container_resource_requests",
                "severity": 0
              },
              {
                "action": [],
                "alert": "",
                "alert_resolution": [],
                "annotations": null,
                "enabled": false,
                "expression": "sum by (namespace, cluster) (sum by (namespace, pod, cluster) (max by (namespace, pod, container, cluster) (kube_pod_container_resource_requests{resource=\"memory\",job=\"kube-state-metrics\"}) * on(namespace, pod, cluster) group_left() max by (namespace, pod, cluster) (kube_pod_status_phase{phase=~\"Pending|Running\"} == 1)))",
                "for": "",
                "labels": null,
                "record": "namespace_memory:kube_pod_container_resource_requests:sum",
                "severity": 0
              },
              {
                "action": [],
                "alert": "",
                "alert_resolution": [],
                "annotations": null,
                "enabled": false,
                "expression": "kube_pod_container_resource_requests{resource=\"cpu\",job=\"kube-state-metrics\"} * on (namespace, pod, cluster)group_left() max by (namespace, pod, cluster) ((kube_pod_status_phase{phase=~\"Pending|Running\"} == 1))",
                "for": "",
                "labels": null,
                "record": "cluster:namespace:pod_cpu:active:kube_pod_container_resource_requests",
                "severity": 0
              },
              {
                "action": [],
                "alert": "",
                "alert_resolution": [],
                "annotations": null,
                "enabled": false,
                "expression": "sum by (namespace, cluster) (sum by(namespace, pod, cluster) (max by(namespace, pod, container, cluster) (kube_pod_container_resource_requests{resource=\"cpu\",job=\"kube-state-metrics\"}) * on(namespace, pod, cluster) group_left() max by (namespace, pod, cluster) (kube_pod_status_phase{phase=~\"Pending|Running\"} == 1)))",
                "for": "",
                "labels": null,
                "record": "namespace_cpu:kube_pod_container_resource_requests:sum",
                "severity": 0
              },
              {
                "action": [],
                "alert": "",
                "alert_resolution": [],
                "annotations": null,
                "enabled": false,
                "expression": "kube_pod_container_resource_limits{resource=\"memory\",job=\"kube-state-metrics\"} * on (namespace, pod, cluster)group_left() max by (namespace, pod, cluster) ((kube_pod_status_phase{phase=~\"Pending|Running\"} == 1))",
                "for": "",
                "labels": null,
                "record": "cluster:namespace:pod_memory:active:kube_pod_container_resource_limits",
                "severity": 0
              },
              {
                "action": [],
                "alert": "",
                "alert_resolution": [],
                "annotations": null,
                "enabled": false,
                "expression": "sum by (namespace, cluster) (sum by (namespace, pod, cluster) (max by (namespace, pod, container, cluster) (kube_pod_container_resource_limits{resource=\"memory\",job=\"kube-state-metrics\"}) * on(namespace, pod, cluster) group_left() max by (namespace, pod, cluster) (kube_pod_status_phase{phase=~\"Pending|Running\"} == 1)))",
                "for": "",
                "labels": null,
                "record": "namespace_memory:kube_pod_container_resource_limits:sum",
                "severity": 0
              },
              {
                "action": [],
                "alert": "",
                "alert_resolution": [],
                "annotations": null,
                "enabled": false,
                "expression": "kube_pod_container_resource_limits{resource=\"cpu\",job=\"kube-state-metrics\"} * on (namespace, pod, cluster)group_left() max by (namespace, pod, cluster) ( (kube_pod_status_phase{phase=~\"Pending|Running\"} == 1) )",
                "for": "",
                "labels": null,
                "record": "cluster:namespace:pod_cpu:active:kube_pod_container_resource_limits",
                "severity": 0
              },
              {
                "action": [],
                "alert": "",
                "alert_resolution": [],
                "annotations": null,
                "enabled": false,
                "expression": "sum by (namespace, cluster) (sum by (namespace, pod, cluster) (max by(namespace, pod, container, cluster) (kube_pod_container_resource_limits{resource=\"cpu\",job=\"kube-state-metrics\"}) * on(namespace, pod, cluster) group_left() max by (namespace, pod, cluster) (kube_pod_status_phase{phase=~\"Pending|Running\"} == 1)))",
                "for": "",
                "labels": null,
                "record": "namespace_cpu:kube_pod_container_resource_limits:sum",
                "severity": 0
              },
              {
                "action": [],
                "alert": "",
                "alert_resolution": [],
                "annotations": null,
                "enabled": false,
                "expression": "max by (cluster, namespace, workload, pod) (label_replace(label_replace(kube_pod_owner{job=\"kube-state-metrics\", owner_kind=\"ReplicaSet\"}, \"replicaset\", \"$1\", \"owner_name\", \"(.*)\") * on(replicaset, namespace) group_left(owner_name) topk by(replicaset, namespace) (1, max by (replicaset, namespace, owner_name) (kube_replicaset_owner{job=\"kube-state-metrics\"})), \"workload\", \"$1\", \"owner_name\", \"(.*)\"))",
                "for": "",
                "labels": {
                  "workload_type": "deployment"
                },
                "record": "namespace_workload_pod:kube_pod_owner:relabel",
                "severity": 0
              },
              {
                "action": [],
                "alert": "",
                "alert_resolution": [],
                "annotations": null,
                "enabled": false,
                "expression": "max by (cluster, namespace, workload, pod) (label_replace(kube_pod_owner{job=\"kube-state-metrics\", owner_kind=\"DaemonSet\"}, \"workload\", \"$1\", \"owner_name\", \"(.*)\"))",
                "for": "",
                "labels": {
                  "workload_type": "daemonset"
                },
                "record": "namespace_workload_pod:kube_pod_owner:relabel",
                "severity": 0
              },
              {
                "action": [],
                "alert": "",
                "alert_resolution": [],
                "annotations": null,
                "enabled": false,
                "expression": "max by (cluster, namespace, workload, pod) (label_replace(kube_pod_owner{job=\"kube-state-metrics\", owner_kind=\"StatefulSet\"}, \"workload\", \"$1\", \"owner_name\", \"(.*)\"))",
                "for": "",
                "labels": {
                  "workload_type": "statefulset"
                },
                "record": "namespace_workload_pod:kube_pod_owner:relabel",
                "severity": 0
              },
              {
                "action": [],
                "alert": "",
                "alert_resolution": [],
                "annotations": null,
                "enabled": false,
                "expression": "max by (cluster, namespace, workload, pod) (label_replace(kube_pod_owner{job=\"kube-state-metrics\", owner_kind=\"Job\"}, \"workload\", \"$1\", \"owner_name\", \"(.*)\"))",
                "for": "",
                "labels": {
                  "workload_type": "job"
                },
                "record": "namespace_workload_pod:kube_pod_owner:relabel",
                "severity": 0
              },
              {
                "action": [],
                "alert": "",
                "alert_resolution": [],
                "annotations": null,
                "enabled": false,
                "expression": "sum(node_memory_MemAvailable_bytes{job=\"node\"} or (node_memory_Buffers_bytes{job=\"node\"} + node_memory_Cached_bytes{job=\"node\"} + node_memory_MemFree_bytes{job=\"node\"} + node_memory_Slab_bytes{job=\"node\"})) by (cluster)",
                "for": "",
                "labels": null,
                "record": ":node_memory_MemAvailable_bytes:sum",
                "severity": 0
              },
              {
                "action": [],
                "alert": "",
                "alert_resolution": [],
                "annotations": null,
                "enabled": false,
                "expression": "sum(rate(node_cpu_seconds_total{job=\"node\",mode!=\"idle\",mode!=\"iowait\",mode!=\"steal\"}[5m])) by (cluster) /count(sum(node_cpu_seconds_total{job=\"node\"}) by (cluster, instance, cpu)) by (cluster)",
                "for": "",
                "labels": null,
                "record": "cluster:node_cpu:ratio_rate5m",
                "severity": 0
              }
            ],
            "rule_group_enabled": true,
            "scopes": [
              "/subscriptions/82f6d75e-85f4-434a-ab74-5dddd9fa8910/resourceGroups/rg-lzaks-spoke-aks-infra/providers/Microsoft.Monitor/accounts/monitor-workspace-prometheus"
            ],
            "tags": null,
            "timeouts": null
          },
          "sensitive_attributes": [],
          "private": "eyJlMmJmYjczMC1lY2FhLTExZTYtOGY4OC0zNDM2M2JjN2M0YzAiOnsiY3JlYXRlIjoxODAwMDAwMDAwMDAwLCJkZWxldGUiOjE4MDAwMDAwMDAwMDAsInJlYWQiOjMwMDAwMDAwMDAwMCwidXBkYXRlIjoxODAwMDAwMDAwMDAwfX0=",
          "dependencies": [
            "azuread_group.aks_admins",
            "azurerm_kubernetes_cluster.aks",
            "azurerm_private_dns_zone.private_dns_zone_aks",
            "azurerm_resource_group.rg_spoke_aks_cluster",
            "azurerm_subnet.subnet_apiserver",
            "azurerm_subnet.subnet_nodes",
            "azurerm_subnet.subnet_nodes_user_nodepool",
            "azurerm_subnet.subnet_pods",
            "azurerm_subnet.subnet_pods_user_nodepool",
            "azurerm_subnet_route_table_association.association_route_table_subnet_nodes",
            "azurerm_subnet_route_table_association.association_route_table_subnet_pods",
            "azurerm_subnet_route_table_association.association_route_table_subnet_system_nodes",
            "azurerm_subnet_route_table_association.association_route_table_subnet_system_pods",
            "azurerm_user_assigned_identity.identity-kubelet",
            "azurerm_user_assigned_identity.identity_aks",
            "data.azurerm_subscription.subscription_spoke",
            "data.terraform_remote_state.management",
            "data.terraform_remote_state.spoke_aks"
          ]
        }
      ]
    },
    {
      "mode": "managed",
      "type": "azurerm_monitor_alert_prometheus_rule_group",
      "name": "example_node",
      "provider": "provider[\"registry.terraform.io/hashicorp/azurerm\"]",
      "instances": [
        {
          "schema_version": 0,
          "attributes": {
            "cluster_name": "aks-cluster-weu",
            "description": "",
            "id": "/subscriptions/82f6d75e-85f4-434a-ab74-5dddd9fa8910/resourceGroups/rg-lzaks-spoke-aks-cluster/providers/Microsoft.AlertsManagement/prometheusRuleGroups/NodeRecordingRulesRuleGroup",
            "interval": "PT1M",
            "location": "westeurope",
            "name": "NodeRecordingRulesRuleGroup",
            "resource_group_name": "rg-lzaks-spoke-aks-cluster",
            "rule": [
              {
                "action": [],
                "alert": "",
                "alert_resolution": [],
                "annotations": null,
                "enabled": false,
                "expression": "count without (cpu, mode) (node_cpu_seconds_total{job=\"node\",mode=\"idle\"})",
                "for": "",
                "labels": null,
                "record": "instance:node_num_cpu:sum",
                "severity": 0
              },
              {
                "action": [],
                "alert": "",
                "alert_resolution": [],
                "annotations": null,
                "enabled": false,
                "expression": "1 - avg without (cpu) (sum without (mode) (rate(node_cpu_seconds_total{job=\"node\", mode=~\"idle|iowait|steal\"}[5m])))",
                "for": "",
                "labels": null,
                "record": "instance:node_cpu_utilisation:rate5m",
                "severity": 0
              },
              {
                "action": [],
                "alert": "",
                "alert_resolution": [],
                "annotations": null,
                "enabled": false,
                "expression": "(node_load1{job=\"node\"}/  instance:node_num_cpu:sum{job=\"node\"})",
                "for": "",
                "labels": null,
                "record": "instance:node_load1_per_cpu:ratio",
                "severity": 0
              },
              {
                "action": [],
                "alert": "",
                "alert_resolution": [],
                "annotations": null,
                "enabled": false,
                "expression": "1 - ((node_memory_MemAvailable_bytes{job=\"node\"} or (node_memory_Buffers_bytes{job=\"node\"} + node_memory_Cached_bytes{job=\"node\"} + node_memory_MemFree_bytes{job=\"node\"} + node_memory_Slab_bytes{job=\"node\"})) / node_memory_MemTotal_bytes{job=\"node\"})",
                "for": "",
                "labels": null,
                "record": "instance:node_memory_utilisation:ratio",
                "severity": 0
              },
              {
                "action": [],
                "alert": "",
                "alert_resolution": [],
                "annotations": null,
                "enabled": false,
                "expression": "rate(node_vmstat_pgmajfault{job=\"node\"}[5m])",
                "for": "",
                "labels": null,
                "record": "instance:node_vmstat_pgmajfault:rate5m",
                "severity": 0
              },
              {
                "action": [],
                "alert": "",
                "alert_resolution": [],
                "annotations": null,
                "enabled": false,
                "expression": "rate(node_disk_io_time_seconds_total{job=\"node\", device!=\"\"}[5m])",
                "for": "",
                "labels": null,
                "record": "instance_device:node_disk_io_time_seconds:rate5m",
                "severity": 0
              },
              {
                "action": [],
                "alert": "",
                "alert_resolution": [],
                "annotations": null,
                "enabled": false,
                "expression": "rate(node_disk_io_time_weighted_seconds_total{job=\"node\", device!=\"\"}[5m])",
                "for": "",
                "labels": null,
                "record": "instance_device:node_disk_io_time_weighted_seconds:rate5m",
                "severity": 0
              },
              {
                "action": [],
                "alert": "",
                "alert_resolution": [],
                "annotations": null,
                "enabled": false,
                "expression": "sum without (device) (rate(node_network_receive_bytes_total{job=\"node\", device!=\"lo\"}[5m]))",
                "for": "",
                "labels": null,
                "record": "instance:node_network_receive_bytes_excluding_lo:rate5m",
                "severity": 0
              },
              {
                "action": [],
                "alert": "",
                "alert_resolution": [],
                "annotations": null,
                "enabled": false,
                "expression": "sum without (device) (rate(node_network_transmit_bytes_total{job=\"node\", device!=\"lo\"}[5m]))",
                "for": "",
                "labels": null,
                "record": "instance:node_network_transmit_bytes_excluding_lo:rate5m",
                "severity": 0
              },
              {
                "action": [],
                "alert": "",
                "alert_resolution": [],
                "annotations": null,
                "enabled": false,
                "expression": "sum without (device) (rate(node_network_receive_drop_total{job=\"node\", device!=\"lo\"}[5m]))",
                "for": "",
                "labels": null,
                "record": "instance:node_network_receive_drop_excluding_lo:rate5m",
                "severity": 0
              },
              {
                "action": [],
                "alert": "",
                "alert_resolution": [],
                "annotations": null,
                "enabled": false,
                "expression": "sum without (device) (rate(node_network_transmit_drop_total{job=\"node\", device!=\"lo\"}[5m]))",
                "for": "",
                "labels": null,
                "record": "instance:node_network_transmit_drop_excluding_lo:rate5m",
                "severity": 0
              }
            ],
            "rule_group_enabled": true,
            "scopes": [
              "/subscriptions/82f6d75e-85f4-434a-ab74-5dddd9fa8910/resourceGroups/rg-lzaks-spoke-aks-infra/providers/Microsoft.Monitor/accounts/monitor-workspace-prometheus"
            ],
            "tags": null,
            "timeouts": null
          },
          "sensitive_attributes": [],
          "private": "eyJlMmJmYjczMC1lY2FhLTExZTYtOGY4OC0zNDM2M2JjN2M0YzAiOnsiY3JlYXRlIjoxODAwMDAwMDAwMDAwLCJkZWxldGUiOjE4MDAwMDAwMDAwMDAsInJlYWQiOjMwMDAwMDAwMDAwMCwidXBkYXRlIjoxODAwMDAwMDAwMDAwfX0=",
          "dependencies": [
            "azuread_group.aks_admins",
            "azurerm_kubernetes_cluster.aks",
            "azurerm_private_dns_zone.private_dns_zone_aks",
            "azurerm_resource_group.rg_spoke_aks_cluster",
            "azurerm_subnet.subnet_apiserver",
            "azurerm_subnet.subnet_nodes",
            "azurerm_subnet.subnet_nodes_user_nodepool",
            "azurerm_subnet.subnet_pods",
            "azurerm_subnet.subnet_pods_user_nodepool",
            "azurerm_subnet_route_table_association.association_route_table_subnet_nodes",
            "azurerm_subnet_route_table_association.association_route_table_subnet_pods",
            "azurerm_subnet_route_table_association.association_route_table_subnet_system_nodes",
            "azurerm_subnet_route_table_association.association_route_table_subnet_system_pods",
            "azurerm_user_assigned_identity.identity-kubelet",
            "azurerm_user_assigned_identity.identity_aks",
            "data.azurerm_subscription.subscription_spoke",
            "data.terraform_remote_state.management",
            "data.terraform_remote_state.spoke_aks"
          ]
        }
      ]
    },
    {
      "mode": "managed",
      "type": "azurerm_monitor_data_collection_rule_association",
      "name": "dce_to_aks",
      "provider": "provider[\"registry.terraform.io/hashicorp/azurerm\"]",
      "instances": [
        {
          "index_key": 0,
          "schema_version": 0,
          "attributes": {
            "data_collection_endpoint_id": "/subscriptions/82f6d75e-85f4-434a-ab74-5dddd9fa8910/resourceGroups/rg-lzaks-spoke-aks-infra/providers/Microsoft.Insights/dataCollectionEndpoints/prometheus-data-collection-endpoint",
            "data_collection_rule_id": "",
            "description": "",
            "id": "/subscriptions/82f6d75e-85f4-434a-ab74-5dddd9fa8910/resourceGroups/rg-lzaks-spoke-aks-cluster/providers/Microsoft.ContainerService/managedClusters/aks-cluster-weu/providers/Microsoft.Insights/dataCollectionRuleAssociations/configurationAccessEndpoint",
            "name": "configurationAccessEndpoint",
            "target_resource_id": "/subscriptions/82f6d75e-85f4-434a-ab74-5dddd9fa8910/resourceGroups/rg-lzaks-spoke-aks-cluster/providers/Microsoft.ContainerService/managedClusters/aks-cluster-weu",
            "timeouts": null
          },
          "sensitive_attributes": [],
          "private": "eyJlMmJmYjczMC1lY2FhLTExZTYtOGY4OC0zNDM2M2JjN2M0YzAiOnsiY3JlYXRlIjoxODAwMDAwMDAwMDAwLCJkZWxldGUiOjE4MDAwMDAwMDAwMDAsInJlYWQiOjMwMDAwMDAwMDAwMCwidXBkYXRlIjoxODAwMDAwMDAwMDAwfX0=",
          "dependencies": [
            "azuread_group.aks_admins",
            "azurerm_kubernetes_cluster.aks",
            "azurerm_private_dns_zone.private_dns_zone_aks",
            "azurerm_resource_group.rg_spoke_aks_cluster",
            "azurerm_subnet.subnet_apiserver",
            "azurerm_subnet.subnet_nodes",
            "azurerm_subnet.subnet_nodes_user_nodepool",
            "azurerm_subnet.subnet_pods",
            "azurerm_subnet.subnet_pods_user_nodepool",
            "azurerm_subnet_route_table_association.association_route_table_subnet_nodes",
            "azurerm_subnet_route_table_association.association_route_table_subnet_pods",
            "azurerm_subnet_route_table_association.association_route_table_subnet_system_nodes",
            "azurerm_subnet_route_table_association.association_route_table_subnet_system_pods",
            "azurerm_user_assigned_identity.identity-kubelet",
            "azurerm_user_assigned_identity.identity_aks",
            "data.azurerm_subscription.subscription_spoke",
            "data.terraform_remote_state.management",
            "data.terraform_remote_state.spoke_aks"
          ]
        }
      ]
    },
    {
      "mode": "managed",
      "type": "azurerm_monitor_data_collection_rule_association",
      "name": "dcr_to_aks",
      "provider": "provider[\"registry.terraform.io/hashicorp/azurerm\"]",
      "instances": [
        {
          "index_key": 0,
          "schema_version": 0,
          "attributes": {
            "data_collection_endpoint_id": "",
            "data_collection_rule_id": "/subscriptions/82f6d75e-85f4-434a-ab74-5dddd9fa8910/resourceGroups/rg-lzaks-spoke-aks-infra/providers/Microsoft.Insights/dataCollectionRules/prometheus-data-collection-rule",
            "description": "",
            "id": "/subscriptions/82f6d75e-85f4-434a-ab74-5dddd9fa8910/resourceGroups/rg-lzaks-spoke-aks-cluster/providers/Microsoft.ContainerService/managedClusters/aks-cluster-weu/providers/Microsoft.Insights/dataCollectionRuleAssociations/dcr-aks",
            "name": "dcr-aks",
            "target_resource_id": "/subscriptions/82f6d75e-85f4-434a-ab74-5dddd9fa8910/resourceGroups/rg-lzaks-spoke-aks-cluster/providers/Microsoft.ContainerService/managedClusters/aks-cluster-weu",
            "timeouts": null
          },
          "sensitive_attributes": [],
          "private": "eyJlMmJmYjczMC1lY2FhLTExZTYtOGY4OC0zNDM2M2JjN2M0YzAiOnsiY3JlYXRlIjoxODAwMDAwMDAwMDAwLCJkZWxldGUiOjE4MDAwMDAwMDAwMDAsInJlYWQiOjMwMDAwMDAwMDAwMCwidXBkYXRlIjoxODAwMDAwMDAwMDAwfX0=",
          "dependencies": [
            "azuread_group.aks_admins",
            "azurerm_kubernetes_cluster.aks",
            "azurerm_private_dns_zone.private_dns_zone_aks",
            "azurerm_resource_group.rg_spoke_aks_cluster",
            "azurerm_subnet.subnet_apiserver",
            "azurerm_subnet.subnet_nodes",
            "azurerm_subnet.subnet_nodes_user_nodepool",
            "azurerm_subnet.subnet_pods",
            "azurerm_subnet.subnet_pods_user_nodepool",
            "azurerm_subnet_route_table_association.association_route_table_subnet_nodes",
            "azurerm_subnet_route_table_association.association_route_table_subnet_pods",
            "azurerm_subnet_route_table_association.association_route_table_subnet_system_nodes",
            "azurerm_subnet_route_table_association.association_route_table_subnet_system_pods",
            "azurerm_user_assigned_identity.identity-kubelet",
            "azurerm_user_assigned_identity.identity_aks",
            "data.azurerm_subscription.subscription_spoke",
            "data.terraform_remote_state.management",
            "data.terraform_remote_state.spoke_aks"
          ]
        }
      ]
    },
    {
      "mode": "managed",
      "type": "azurerm_resource_group",
      "name": "rg_spoke_aks_cluster",
      "provider": "provider[\"registry.terraform.io/hashicorp/azurerm\"]",
      "instances": [
        {
          "schema_version": 0,
          "attributes": {
            "id": "/subscriptions/82f6d75e-85f4-434a-ab74-5dddd9fa8910/resourceGroups/rg-lzaks-spoke-aks-cluster",
            "location": "westeurope",
            "managed_by": "",
            "name": "rg-lzaks-spoke-aks-cluster",
            "tags": {
              "architecture": "Hub\u0026Spoke",
              "environment": "development",
              "source": "terraform"
            },
            "timeouts": null
          },
          "sensitive_attributes": [],
          "private": "eyJlMmJmYjczMC1lY2FhLTExZTYtOGY4OC0zNDM2M2JjN2M0YzAiOnsiY3JlYXRlIjo1NDAwMDAwMDAwMDAwLCJkZWxldGUiOjU0MDAwMDAwMDAwMDAsInJlYWQiOjMwMDAwMDAwMDAwMCwidXBkYXRlIjo1NDAwMDAwMDAwMDAwfX0="
        }
      ]
    },
    {
      "mode": "managed",
      "type": "azurerm_role_assignment",
      "name": "current_user_aks_admin",
      "provider": "provider[\"registry.terraform.io/hashicorp/azurerm\"]",
      "instances": [
        {
          "index_key": 0,
          "schema_version": 0,
          "attributes": {
            "condition": "",
            "condition_version": "",
            "delegated_managed_identity_resource_id": "",
            "description": "",
            "id": "/subscriptions/82f6d75e-85f4-434a-ab74-5dddd9fa8910/resourceGroups/rg-lzaks-spoke-aks-cluster/providers/Microsoft.ContainerService/managedClusters/aks-cluster-weu/providers/Microsoft.Authorization/roleAssignments/4a5ccaab-7987-fed0-cf4d-82cd2c0d2a0d",
            "name": "4a5ccaab-7987-fed0-cf4d-82cd2c0d2a0d",
            "principal_id": "99b281c9-823c-4633-af92-8ac556a19bee",
            "principal_type": "User",
            "role_definition_id": "/subscriptions/82f6d75e-85f4-434a-ab74-5dddd9fa8910/providers/Microsoft.Authorization/roleDefinitions/b1ff04bb-8a4e-4dc4-8eb5-8693973ce19b",
            "role_definition_name": "Azure Kubernetes Service RBAC Cluster Admin",
            "scope": "/subscriptions/82f6d75e-85f4-434a-ab74-5dddd9fa8910/resourceGroups/rg-lzaks-spoke-aks-cluster/providers/Microsoft.ContainerService/managedClusters/aks-cluster-weu",
            "skip_service_principal_aad_check": false,
            "timeouts": {
              "create": "2m",
              "delete": "2m",
              "read": null,
              "update": "2m"
            }
          },
          "sensitive_attributes": [],
          "private": "eyJlMmJmYjczMC1lY2FhLTExZTYtOGY4OC0zNDM2M2JjN2M0YzAiOnsiY3JlYXRlIjoxMjAwMDAwMDAwMDAsImRlbGV0ZSI6MTIwMDAwMDAwMDAwLCJyZWFkIjozMDAwMDAwMDAwMDAsInVwZGF0ZSI6MTIwMDAwMDAwMDAwfX0=",
          "dependencies": [
            "azuread_group.aks_admins",
            "azurerm_kubernetes_cluster.aks",
            "azurerm_private_dns_zone.private_dns_zone_aks",
            "azurerm_resource_group.rg_spoke_aks_cluster",
            "azurerm_subnet.subnet_apiserver",
            "azurerm_subnet.subnet_nodes",
            "azurerm_subnet.subnet_nodes_user_nodepool",
            "azurerm_subnet.subnet_pods",
            "azurerm_subnet.subnet_pods_user_nodepool",
            "azurerm_subnet_route_table_association.association_route_table_subnet_nodes",
            "azurerm_subnet_route_table_association.association_route_table_subnet_pods",
            "azurerm_subnet_route_table_association.association_route_table_subnet_system_nodes",
            "azurerm_subnet_route_table_association.association_route_table_subnet_system_pods",
            "azurerm_user_assigned_identity.identity-kubelet",
            "azurerm_user_assigned_identity.identity_aks",
            "data.azuread_client_config.current",
            "data.azurerm_subscription.subscription_spoke",
            "data.terraform_remote_state.management",
            "data.terraform_remote_state.spoke_aks"
          ]
        }
      ]
    },
    {
      "mode": "managed",
      "type": "azurerm_role_assignment",
      "name": "role_acrpull",
      "provider": "provider[\"registry.terraform.io/hashicorp/azurerm\"]",
      "instances": [
        {
          "schema_version": 0,
          "attributes": {
            "condition": "",
            "condition_version": "",
            "delegated_managed_identity_resource_id": "",
            "description": "",
            "id": "/subscriptions/82f6d75e-85f4-434a-ab74-5dddd9fa8910/resourceGroups/rg-lzaks-spoke-aks-infra/providers/Microsoft.ContainerRegistry/registries/acrforakstf01357/providers/Microsoft.Authorization/roleAssignments/bb7f4bb5-b7fe-c763-5c16-3e8018b51407",
            "name": "bb7f4bb5-b7fe-c763-5c16-3e8018b51407",
            "principal_id": "cc9ff26f-b64a-4420-bad4-a4f5ff15c0dc",
            "principal_type": "ServicePrincipal",
            "role_definition_id": "/subscriptions/82f6d75e-85f4-434a-ab74-5dddd9fa8910/providers/Microsoft.Authorization/roleDefinitions/7f951dda-4ed3-4680-a7ca-43fe172d538d",
            "role_definition_name": "AcrPull",
            "scope": "/subscriptions/82f6d75e-85f4-434a-ab74-5dddd9fa8910/resourceGroups/rg-lzaks-spoke-aks-infra/providers/Microsoft.ContainerRegistry/registries/acrforakstf01357",
            "skip_service_principal_aad_check": true,
            "timeouts": null
          },
          "sensitive_attributes": [],
          "private": "eyJlMmJmYjczMC1lY2FhLTExZTYtOGY4OC0zNDM2M2JjN2M0YzAiOnsiY3JlYXRlIjoxODAwMDAwMDAwMDAwLCJkZWxldGUiOjE4MDAwMDAwMDAwMDAsInJlYWQiOjMwMDAwMDAwMDAwMCwidXBkYXRlIjoxODAwMDAwMDAwMDAwfX0=",
          "dependencies": [
            "azurerm_resource_group.rg_spoke_aks_cluster",
            "azurerm_user_assigned_identity.identity-kubelet",
            "data.terraform_remote_state.spoke_aks"
          ]
        }
      ]
    },
    {
      "mode": "managed",
      "type": "azurerm_role_assignment",
      "name": "role_identity_aks_contributor",
      "provider": "provider[\"registry.terraform.io/hashicorp/azurerm\"]",
      "instances": [
        {
          "schema_version": 0,
          "attributes": {
            "condition": "",
            "condition_version": "",
            "delegated_managed_identity_resource_id": "",
            "description": "",
            "id": "/subscriptions/82f6d75e-85f4-434a-ab74-5dddd9fa8910/resourceGroups/rg-lzaks-spoke-aks-cluster/providers/Microsoft.Authorization/roleAssignments/708373ec-4f1a-cc9e-44ac-58aef9c9997a",
            "name": "708373ec-4f1a-cc9e-44ac-58aef9c9997a",
            "principal_id": "28334377-aeaf-4ecb-b156-9bd58c8f0943",
            "principal_type": "ServicePrincipal",
            "role_definition_id": "/subscriptions/82f6d75e-85f4-434a-ab74-5dddd9fa8910/providers/Microsoft.Authorization/roleDefinitions/b24988ac-6180-42a0-ab88-20f7382dd24c",
            "role_definition_name": "Contributor",
            "scope": "/subscriptions/82f6d75e-85f4-434a-ab74-5dddd9fa8910/resourceGroups/rg-lzaks-spoke-aks-cluster",
            "skip_service_principal_aad_check": true,
            "timeouts": null
          },
          "sensitive_attributes": [],
          "private": "eyJlMmJmYjczMC1lY2FhLTExZTYtOGY4OC0zNDM2M2JjN2M0YzAiOnsiY3JlYXRlIjoxODAwMDAwMDAwMDAwLCJkZWxldGUiOjE4MDAwMDAwMDAwMDAsInJlYWQiOjMwMDAwMDAwMDAwMCwidXBkYXRlIjoxODAwMDAwMDAwMDAwfX0=",
          "dependencies": [
            "azurerm_resource_group.rg_spoke_aks_cluster",
            "azurerm_user_assigned_identity.identity_aks"
          ]
        }
      ]
    },
    {
      "mode": "managed",
      "type": "azurerm_role_assignment",
      "name": "role_identity_aks_mi_operator",
      "provider": "provider[\"registry.terraform.io/hashicorp/azurerm\"]",
      "instances": [
        {
          "schema_version": 0,
          "attributes": {
            "condition": "",
            "condition_version": "",
            "delegated_managed_identity_resource_id": "",
            "description": "",
            "id": "/subscriptions/82f6d75e-85f4-434a-ab74-5dddd9fa8910/resourceGroups/rg-lzaks-spoke-aks-cluster/providers/Microsoft.ManagedIdentity/userAssignedIdentities/identity-kubelet/providers/Microsoft.Authorization/roleAssignments/b1314eb8-80d3-3cd7-b909-b963cf9925c2",
            "name": "b1314eb8-80d3-3cd7-b909-b963cf9925c2",
            "principal_id": "28334377-aeaf-4ecb-b156-9bd58c8f0943",
            "principal_type": "ServicePrincipal",
            "role_definition_id": "/subscriptions/82f6d75e-85f4-434a-ab74-5dddd9fa8910/providers/Microsoft.Authorization/roleDefinitions/f1a07417-d97a-45cb-824c-7a7467783830",
            "role_definition_name": "Managed Identity Operator",
            "scope": "/subscriptions/82f6d75e-85f4-434a-ab74-5dddd9fa8910/resourceGroups/rg-lzaks-spoke-aks-cluster/providers/Microsoft.ManagedIdentity/userAssignedIdentities/identity-kubelet",
            "skip_service_principal_aad_check": true,
            "timeouts": null
          },
          "sensitive_attributes": [],
          "private": "eyJlMmJmYjczMC1lY2FhLTExZTYtOGY4OC0zNDM2M2JjN2M0YzAiOnsiY3JlYXRlIjoxODAwMDAwMDAwMDAwLCJkZWxldGUiOjE4MDAwMDAwMDAwMDAsInJlYWQiOjMwMDAwMDAwMDAwMCwidXBkYXRlIjoxODAwMDAwMDAwMDAwfX0=",
          "dependencies": [
            "azurerm_resource_group.rg_spoke_aks_cluster",
            "azurerm_user_assigned_identity.identity-kubelet",
            "azurerm_user_assigned_identity.identity_aks"
          ]
        }
      ]
    },
    {
      "mode": "managed",
      "type": "azurerm_role_assignment",
      "name": "role_identity_aks_network_contributor",
      "provider": "provider[\"registry.terraform.io/hashicorp/azurerm\"]",
      "instances": [
        {
          "schema_version": 0,
          "attributes": {
            "condition": "",
            "condition_version": "",
            "delegated_managed_identity_resource_id": "",
            "description": "",
            "id": "/subscriptions/82f6d75e-85f4-434a-ab74-5dddd9fa8910/resourceGroups/rg-lzaks-spoke-aks-infra/providers/Microsoft.Network/virtualNetworks/vnet-spoke-aks/providers/Microsoft.Authorization/roleAssignments/e8da46f2-86f2-cb64-a859-15aa5f64f8ce",
            "name": "e8da46f2-86f2-cb64-a859-15aa5f64f8ce",
            "principal_id": "28334377-aeaf-4ecb-b156-9bd58c8f0943",
            "principal_type": "ServicePrincipal",
            "role_definition_id": "/subscriptions/82f6d75e-85f4-434a-ab74-5dddd9fa8910/providers/Microsoft.Authorization/roleDefinitions/4d97b98b-1d4f-4787-a291-c67834d212e7",
            "role_definition_name": "Network Contributor",
            "scope": "/subscriptions/82f6d75e-85f4-434a-ab74-5dddd9fa8910/resourceGroups/rg-lzaks-spoke-aks-infra/providers/Microsoft.Network/virtualNetworks/vnet-spoke-aks",
            "skip_service_principal_aad_check": true,
            "timeouts": null
          },
          "sensitive_attributes": [],
          "private": "eyJlMmJmYjczMC1lY2FhLTExZTYtOGY4OC0zNDM2M2JjN2M0YzAiOnsiY3JlYXRlIjoxODAwMDAwMDAwMDAwLCJkZWxldGUiOjE4MDAwMDAwMDAwMDAsInJlYWQiOjMwMDAwMDAwMDAwMCwidXBkYXRlIjoxODAwMDAwMDAwMDAwfX0=",
          "dependencies": [
            "azurerm_resource_group.rg_spoke_aks_cluster",
            "azurerm_user_assigned_identity.identity_aks",
            "data.terraform_remote_state.spoke_aks"
          ]
        }
      ]
    },
    {
      "mode": "managed",
      "type": "azurerm_subnet",
      "name": "subnet_nodes",
      "provider": "provider[\"registry.terraform.io/hashicorp/azurerm\"]",
      "instances": [
        {
          "schema_version": 0,
          "attributes": {
            "address_prefixes": [
              "10.1.3.0/24"
            ],
            "delegation": [],
            "enforce_private_link_endpoint_network_policies": false,
            "enforce_private_link_service_network_policies": false,
            "id": "/subscriptions/82f6d75e-85f4-434a-ab74-5dddd9fa8910/resourceGroups/rg-lzaks-spoke-aks-infra/providers/Microsoft.Network/virtualNetworks/vnet-spoke-aks/subnets/subnet-nodes",
            "name": "subnet-nodes",
            "private_endpoint_network_policies_enabled": true,
            "private_link_service_network_policies_enabled": true,
            "resource_group_name": "rg-lzaks-spoke-aks-infra",
            "service_endpoint_policy_ids": null,
            "service_endpoints": null,
            "timeouts": null,
            "virtual_network_name": "vnet-spoke-aks"
          },
          "sensitive_attributes": [],
          "private": "eyJlMmJmYjczMC1lY2FhLTExZTYtOGY4OC0zNDM2M2JjN2M0YzAiOnsiY3JlYXRlIjoxODAwMDAwMDAwMDAwLCJkZWxldGUiOjE4MDAwMDAwMDAwMDAsInJlYWQiOjMwMDAwMDAwMDAwMCwidXBkYXRlIjoxODAwMDAwMDAwMDAwfX0=",
          "dependencies": [
            "data.terraform_remote_state.spoke_aks"
          ]
        }
      ]
    },
    {
      "mode": "managed",
      "type": "azurerm_subnet",
      "name": "subnet_nodes_user_nodepool",
      "provider": "provider[\"registry.terraform.io/hashicorp/azurerm\"]",
      "instances": [
        {
          "index_key": "poolappsamd",
          "schema_version": 0,
          "attributes": {
            "address_prefixes": [
              "10.1.7.0/24"
            ],
            "delegation": [],
            "enforce_private_link_endpoint_network_policies": false,
            "enforce_private_link_service_network_policies": false,
            "id": "/subscriptions/82f6d75e-85f4-434a-ab74-5dddd9fa8910/resourceGroups/rg-lzaks-spoke-aks-infra/providers/Microsoft.Network/virtualNetworks/vnet-spoke-aks/subnets/subnet-nodes-poolappsamd",
            "name": "subnet-nodes-poolappsamd",
            "private_endpoint_network_policies_enabled": true,
            "private_link_service_network_policies_enabled": true,
            "resource_group_name": "rg-lzaks-spoke-aks-infra",
            "service_endpoint_policy_ids": null,
            "service_endpoints": null,
            "timeouts": null,
            "virtual_network_name": "vnet-spoke-aks"
          },
          "sensitive_attributes": [],
          "private": "eyJlMmJmYjczMC1lY2FhLTExZTYtOGY4OC0zNDM2M2JjN2M0YzAiOnsiY3JlYXRlIjoxODAwMDAwMDAwMDAwLCJkZWxldGUiOjE4MDAwMDAwMDAwMDAsInJlYWQiOjMwMDAwMDAwMDAwMCwidXBkYXRlIjoxODAwMDAwMDAwMDAwfX0=",
          "dependencies": [
            "data.terraform_remote_state.spoke_aks"
          ]
        }
      ]
    },
    {
      "mode": "managed",
      "type": "azurerm_subnet",
      "name": "subnet_pods",
      "provider": "provider[\"registry.terraform.io/hashicorp/azurerm\"]",
      "instances": [
        {
          "schema_version": 0,
          "attributes": {
            "address_prefixes": [
              "10.1.240.0/20"
            ],
            "delegation": [
              {
                "name": "Microsoft.ContainerService.managedClusters",
                "service_delegation": [
                  {
                    "actions": [
                      "Microsoft.Network/virtualNetworks/subnets/join/action"
                    ],
                    "name": "Microsoft.ContainerService/managedClusters"
                  }
                ]
              }
            ],
            "enforce_private_link_endpoint_network_policies": false,
            "enforce_private_link_service_network_policies": false,
            "id": "/subscriptions/82f6d75e-85f4-434a-ab74-5dddd9fa8910/resourceGroups/rg-lzaks-spoke-aks-infra/providers/Microsoft.Network/virtualNetworks/vnet-spoke-aks/subnets/subnet-pods",
            "name": "subnet-pods",
            "private_endpoint_network_policies_enabled": true,
            "private_link_service_network_policies_enabled": true,
            "resource_group_name": "rg-lzaks-spoke-aks-infra",
            "service_endpoint_policy_ids": null,
            "service_endpoints": null,
            "timeouts": null,
            "virtual_network_name": "vnet-spoke-aks"
          },
          "sensitive_attributes": [],
          "private": "eyJlMmJmYjczMC1lY2FhLTExZTYtOGY4OC0zNDM2M2JjN2M0YzAiOnsiY3JlYXRlIjoxODAwMDAwMDAwMDAwLCJkZWxldGUiOjE4MDAwMDAwMDAwMDAsInJlYWQiOjMwMDAwMDAwMDAwMCwidXBkYXRlIjoxODAwMDAwMDAwMDAwfX0=",
          "dependencies": [
            "data.terraform_remote_state.spoke_aks"
          ]
        }
      ]
    },
    {
      "mode": "managed",
      "type": "azurerm_subnet",
      "name": "subnet_pods_user_nodepool",
      "provider": "provider[\"registry.terraform.io/hashicorp/azurerm\"]",
      "instances": [
        {
          "index_key": "poolappsamd",
          "schema_version": 0,
          "attributes": {
            "address_prefixes": [
              "10.1.8.0/24"
            ],
            "delegation": [
              {
                "name": "Microsoft.ContainerService.managedClusters",
                "service_delegation": [
                  {
                    "actions": [
                      "Microsoft.Network/virtualNetworks/subnets/join/action"
                    ],
                    "name": "Microsoft.ContainerService/managedClusters"
                  }
                ]
              }
            ],
            "enforce_private_link_endpoint_network_policies": false,
            "enforce_private_link_service_network_policies": false,
            "id": "/subscriptions/82f6d75e-85f4-434a-ab74-5dddd9fa8910/resourceGroups/rg-lzaks-spoke-aks-infra/providers/Microsoft.Network/virtualNetworks/vnet-spoke-aks/subnets/subnet-pods-poolappsamd",
            "name": "subnet-pods-poolappsamd",
            "private_endpoint_network_policies_enabled": true,
            "private_link_service_network_policies_enabled": true,
            "resource_group_name": "rg-lzaks-spoke-aks-infra",
            "service_endpoint_policy_ids": null,
            "service_endpoints": null,
            "timeouts": null,
            "virtual_network_name": "vnet-spoke-aks"
          },
          "sensitive_attributes": [],
          "private": "eyJlMmJmYjczMC1lY2FhLTExZTYtOGY4OC0zNDM2M2JjN2M0YzAiOnsiY3JlYXRlIjoxODAwMDAwMDAwMDAwLCJkZWxldGUiOjE4MDAwMDAwMDAwMDAsInJlYWQiOjMwMDAwMDAwMDAwMCwidXBkYXRlIjoxODAwMDAwMDAwMDAwfX0=",
          "dependencies": [
            "data.terraform_remote_state.spoke_aks"
          ]
        }
      ]
    },
    {
      "mode": "managed",
      "type": "azurerm_user_assigned_identity",
      "name": "identity-kubelet",
      "provider": "provider[\"registry.terraform.io/hashicorp/azurerm\"]",
      "instances": [
        {
          "schema_version": 1,
          "attributes": {
            "client_id": "15f411e4-c3e5-4bba-be4a-d81545e12765",
            "id": "/subscriptions/82f6d75e-85f4-434a-ab74-5dddd9fa8910/resourceGroups/rg-lzaks-spoke-aks-cluster/providers/Microsoft.ManagedIdentity/userAssignedIdentities/identity-kubelet",
            "location": "westeurope",
            "name": "identity-kubelet",
            "principal_id": "cc9ff26f-b64a-4420-bad4-a4f5ff15c0dc",
            "resource_group_name": "rg-lzaks-spoke-aks-cluster",
            "tags": {
              "architecture": "Hub\u0026Spoke",
              "environment": "development",
              "source": "terraform"
            },
            "tenant_id": "16b3c013-d300-468d-ac64-7eda0820b6d3",
            "timeouts": null
          },
          "sensitive_attributes": [],
          "private": "eyJlMmJmYjczMC1lY2FhLTExZTYtOGY4OC0zNDM2M2JjN2M0YzAiOnsiY3JlYXRlIjoxODAwMDAwMDAwMDAwLCJkZWxldGUiOjE4MDAwMDAwMDAwMDAsInJlYWQiOjMwMDAwMDAwMDAwMCwidXBkYXRlIjoxODAwMDAwMDAwMDAwfSwic2NoZW1hX3ZlcnNpb24iOiIxIn0=",
          "dependencies": [
            "azurerm_resource_group.rg_spoke_aks_cluster"
          ]
        }
      ]
    },
    {
      "mode": "managed",
      "type": "azurerm_user_assigned_identity",
      "name": "identity_aks",
      "provider": "provider[\"registry.terraform.io/hashicorp/azurerm\"]",
      "instances": [
        {
          "schema_version": 1,
          "attributes": {
            "client_id": "2e72bd2d-dd78-4022-961c-6cc7e0a2ffaf",
            "id": "/subscriptions/82f6d75e-85f4-434a-ab74-5dddd9fa8910/resourceGroups/rg-lzaks-spoke-aks-cluster/providers/Microsoft.ManagedIdentity/userAssignedIdentities/identity-aks",
            "location": "westeurope",
            "name": "identity-aks",
            "principal_id": "28334377-aeaf-4ecb-b156-9bd58c8f0943",
            "resource_group_name": "rg-lzaks-spoke-aks-cluster",
            "tags": {
              "architecture": "Hub\u0026Spoke",
              "environment": "development",
              "source": "terraform"
            },
            "tenant_id": "16b3c013-d300-468d-ac64-7eda0820b6d3",
            "timeouts": null
          },
          "sensitive_attributes": [],
          "private": "eyJlMmJmYjczMC1lY2FhLTExZTYtOGY4OC0zNDM2M2JjN2M0YzAiOnsiY3JlYXRlIjoxODAwMDAwMDAwMDAwLCJkZWxldGUiOjE4MDAwMDAwMDAwMDAsInJlYWQiOjMwMDAwMDAwMDAwMCwidXBkYXRlIjoxODAwMDAwMDAwMDAwfSwic2NoZW1hX3ZlcnNpb24iOiIxIn0=",
          "dependencies": [
            "azurerm_resource_group.rg_spoke_aks_cluster"
          ]
        }
      ]
    },
    {
      "mode": "managed",
      "type": "null_resource",
      "name": "connect_to_aks",
      "provider": "provider[\"registry.terraform.io/hashicorp/null\"]",
      "instances": [
        {
          "schema_version": 0,
          "attributes": {
            "id": "8430564291010401347",
            "triggers": {
              "key": "value2"
            }
          },
          "sensitive_attributes": [],
          "dependencies": [
            "azuread_group.aks_admins",
            "azurerm_kubernetes_cluster.aks",
            "azurerm_kubernetes_cluster_node_pool.poolapps",
            "azurerm_kubernetes_cluster_node_pool.poolspot",
            "azurerm_private_dns_zone.private_dns_zone_aks",
            "azurerm_resource_group.rg_spoke_aks_cluster",
            "azurerm_subnet.subnet_apiserver",
            "azurerm_subnet.subnet_nodes",
            "azurerm_subnet.subnet_nodes_user_nodepool",
            "azurerm_subnet.subnet_pods",
            "azurerm_subnet.subnet_pods_user_nodepool",
            "azurerm_subnet_route_table_association.association_route_table_subnet_nodes",
            "azurerm_subnet_route_table_association.association_route_table_subnet_pods",
            "azurerm_subnet_route_table_association.association_route_table_subnet_system_nodes",
            "azurerm_subnet_route_table_association.association_route_table_subnet_system_pods",
            "azurerm_user_assigned_identity.identity-kubelet",
            "azurerm_user_assigned_identity.identity_aks",
            "data.azurerm_subscription.subscription_spoke",
            "data.terraform_remote_state.management",
            "data.terraform_remote_state.spoke_aks"
          ]
        }
      ]
    }
  ],
  "check_results": null
}
