{
  "version": 4,
  "terraform_version": "1.2.8",
  "serial": 271,
  "lineage": "3e9a3c90-431c-0216-c2c7-c35f9cfef51b",
  "outputs": {},
  "resources": [
    {
      "mode": "data",
      "type": "azuread_client_config",
      "name": "current",
      "provider": "provider[\"registry.terraform.io/hashicorp/azuread\"]",
      "instances": [
        {
          "schema_version": 0,
          "attributes": {
            "client_id": "04b07795-8ddb-461a-bbee-02f9e1bf7b46",
            "id": "558506eb-9459-4ef3-b920-ad55c555e729-04b07795-8ddb-461a-bbee-02f9e1bf7b46-f97fc9ba-ebda-439e-825a-0e25801cb32c",
            "object_id": "f97fc9ba-ebda-439e-825a-0e25801cb32c",
            "tenant_id": "558506eb-9459-4ef3-b920-ad55c555e729",
            "timeouts": null
          },
          "sensitive_attributes": []
        }
      ]
    },
    {
      "mode": "data",
      "type": "azuread_group",
      "name": "aks_admins",
      "provider": "provider[\"registry.terraform.io/hashicorp/azuread\"]",
      "instances": [
        {
          "schema_version": 0,
          "attributes": {
            "assignable_to_role": false,
            "auto_subscribe_new_members": false,
            "behaviors": [],
            "description": "",
            "display_name": "group_aks_admins",
            "dynamic_membership": [],
            "external_senders_allowed": false,
            "hide_from_address_lists": false,
            "hide_from_outlook_clients": false,
            "id": "875779ab-cfba-4fbb-a888-e81844a6e808",
            "mail": "",
            "mail_enabled": false,
            "mail_nickname": "d77c615f-c",
            "members": [
              "f97fc9ba-ebda-439e-825a-0e25801cb32c",
              "2a1f1c1d-8737-469b-8d0d-da274b5c0c24"
            ],
            "object_id": "875779ab-cfba-4fbb-a888-e81844a6e808",
            "onpremises_domain_name": "",
            "onpremises_netbios_name": "",
            "onpremises_sam_account_name": "",
            "onpremises_security_identifier": "",
            "onpremises_sync_enabled": false,
            "owners": [
              "f97fc9ba-ebda-439e-825a-0e25801cb32c"
            ],
            "preferred_language": "",
            "provisioning_options": [],
            "proxy_addresses": [],
            "security_enabled": true,
            "theme": "",
            "timeouts": null,
            "types": [],
            "visibility": ""
          },
          "sensitive_attributes": []
        }
      ]
    },
    {
      "mode": "data",
      "type": "azuread_service_principal",
      "name": "aks_aad_server",
      "provider": "provider[\"registry.terraform.io/hashicorp/azuread\"]",
      "instances": [
        {
          "schema_version": 0,
          "attributes": {
            "account_enabled": true,
            "alternative_names": [],
            "app_role_assignment_required": false,
            "app_role_ids": {},
            "app_roles": [],
            "application_id": "6dae42f8-4368-4678-94ff-3960e28e3630",
            "application_tenant_id": "f8cdef31-a31e-4b4a-93e4-5f571e91255a",
            "description": "",
            "display_name": "Azure Kubernetes Service AAD Server",
            "feature_tags": [
              {
                "custom_single_sign_on": false,
                "enterprise": false,
                "gallery": false,
                "hide": false
              }
            ],
            "features": [
              {
                "custom_single_sign_on_app": false,
                "enterprise_application": false,
                "gallery_application": false,
                "visible_to_users": true
              }
            ],
            "homepage_url": "",
            "id": "5dc776ad-9525-4afd-ad24-334e21ad710e",
            "login_url": "",
            "logout_url": "",
            "notes": "",
            "notification_email_addresses": [],
            "oauth2_permission_scope_ids": {
              "user.read": "34a47c2f-cd0d-47b4-a93c-2c41130c671c"
            },
            "oauth2_permission_scopes": [
              {
                "admin_consent_description": "this allows to read user profile",
                "admin_consent_display_name": "user.read",
                "enabled": true,
                "id": "34a47c2f-cd0d-47b4-a93c-2c41130c671c",
                "type": "User",
                "user_consent_description": "this allows to read user profile",
                "user_consent_display_name": "user.read",
                "value": "user.read"
              }
            ],
            "object_id": "5dc776ad-9525-4afd-ad24-334e21ad710e",
            "preferred_single_sign_on_mode": "",
            "redirect_uris": [],
            "saml_metadata_url": "",
            "saml_single_sign_on": [],
            "service_principal_names": [
              "https://aks-aad-server.azure.com"
            ],
            "sign_in_audience": "AzureADMultipleOrgs",
            "tags": [],
            "timeouts": null,
            "type": "Application"
          },
          "sensitive_attributes": []
        }
      ]
    },
    {
      "mode": "data",
      "type": "azurerm_kubernetes_cluster",
      "name": "aks",
      "provider": "provider[\"registry.terraform.io/hashicorp/azurerm\"]",
      "instances": [
        {
          "schema_version": 0,
          "attributes": {
            "aci_connector_linux": [],
            "agent_pool_profile": [
              {
                "count": 4,
                "enable_auto_scaling": true,
                "enable_node_public_ip": false,
                "max_count": 7,
                "max_pods": 110,
                "min_count": 1,
                "name": "poolapps",
                "node_labels": {},
                "node_public_ip_prefix_id": "",
                "node_taints": [],
                "orchestrator_version": "1.24.3",
                "os_disk_size_gb": 60,
                "os_type": "Linux",
                "tags": {
                  "environment": "development",
                  "source": "terraform"
                },
                "type": "VirtualMachineScaleSets",
                "upgrade_settings": [
                  {
                    "max_surge": "3"
                  }
                ],
                "vm_size": "Standard_D2ds_v5",
                "vnet_subnet_id": "/subscriptions/17b12858-3960-4e6f-a663-a06fdae23428/resourceGroups/rg-aks-cluster/providers/Microsoft.Network/virtualNetworks/vnet-spoke-aks/subnets/subnet-aks-nodes",
                "zones": [
                  "2",
                  "3",
                  "1"
                ]
              },
              {
                "count": 2,
                "enable_auto_scaling": true,
                "enable_node_public_ip": false,
                "max_count": 3,
                "max_pods": 110,
                "min_count": 1,
                "name": "poolsystem",
                "node_labels": {},
                "node_public_ip_prefix_id": "",
                "node_taints": [
                  "CriticalAddonsOnly=true:NoSchedule"
                ],
                "orchestrator_version": "1.24.3",
                "os_disk_size_gb": 40,
                "os_type": "Linux",
                "tags": {
                  "environment": "development",
                  "source": "terraform"
                },
                "type": "VirtualMachineScaleSets",
                "upgrade_settings": [],
                "vm_size": "Standard_D2ds_v5",
                "vnet_subnet_id": "/subscriptions/17b12858-3960-4e6f-a663-a06fdae23428/resourceGroups/rg-aks-cluster/providers/Microsoft.Network/virtualNetworks/vnet-spoke-aks/subnets/subnet-aks-nodes",
                "zones": [
                  "2",
                  "3",
                  "1"
                ]
              }
            ],
            "api_server_authorized_ip_ranges": [],
            "azure_active_directory_role_based_access_control": [
              {
                "admin_group_object_ids": [
                  "875779ab-cfba-4fbb-a888-e81844a6e808"
                ],
                "azure_rbac_enabled": true,
                "client_app_id": "",
                "managed": true,
                "server_app_id": "",
                "tenant_id": "558506eb-9459-4ef3-b920-ad55c555e729"
              }
            ],
            "azure_policy_enabled": true,
            "disk_encryption_set_id": "",
            "dns_prefix": "aks",
            "fqdn": "aks-12e1b529.hcp.westeurope.azmk8s.io",
            "http_application_routing_enabled": false,
            "http_application_routing_zone_name": "",
            "id": "/subscriptions/17b12858-3960-4e6f-a663-a06fdae23428/resourceGroups/rg-aks-cluster/providers/Microsoft.ContainerService/managedClusters/aks-cluster",
            "identity": [
              {
                "identity_ids": [
                  "/subscriptions/17b12858-3960-4e6f-a663-a06fdae23428/resourceGroups/rg-aks-cluster/providers/Microsoft.ManagedIdentity/userAssignedIdentities/identity-aks"
                ],
                "principal_id": "",
                "tenant_id": "",
                "type": "UserAssigned"
              }
            ],
            "ingress_application_gateway": [],
            "key_vault_secrets_provider": [
              {
                "secret_identity": [
                  {
                    "client_id": "60ac584d-6948-4456-9502-566cb499486a",
                    "object_id": "d0ac6b9f-dd42-497e-be1c-143525507de5",
                    "user_assigned_identity_id": "/subscriptions/17b12858-3960-4e6f-a663-a06fdae23428/resourcegroups/rg-aks-cluster-managed/providers/Microsoft.ManagedIdentity/userAssignedIdentities/azurekeyvaultsecretsprovider-aks-cluster"
                  }
                ],
                "secret_rotation_enabled": true,
                "secret_rotation_interval": "2m"
              }
            ],
            "kube_admin_config": [],
            "kube_admin_config_raw": "",
            "kube_config": [
              {
                "client_certificate": "",
                "client_key": "",
                "cluster_ca_certificate": "LS0tLS1CRUdJTiBDRVJUSUZJQ0FURS0tLS0tCk1JSUU2VENDQXRHZ0F3SUJBZ0lSQVBpTHJNeTFXaU1HY21HY2lseHhqL293RFFZSktvWklodmNOQVFFTEJRQXcKRFRFTE1Ba0dBMVVFQXhNQ1kyRXdJQmNOTWpJd09UQTRNVEF6T0RNeFdoZ1BNakExTWpBNU1EZ3hNRFE0TXpGYQpNQTB4Q3pBSkJnTlZCQU1UQW1OaE1JSUNJakFOQmdrcWhraUc5dzBCQVFFRkFBT0NBZzhBTUlJQ0NnS0NBZ0VBCjVldE1SWFkwK05QRFRpSmtKSHRKczdEaThEWVhpM0I2aU1sd0tPazRzSWNHTnEwdW1hQUNKakJ4RFh2SlJ3b00KRTB5TGRQVWR0aWp5eUIwVStWbGFFVm9NUzdINEpLWVRNZTBsTml5d0FEZDd3VVRoRldOeG5xRUhLK05uWXlQaQpUc25maElRMk5sMWhWMlp1cTFvYXQ1dUx4cFNtOStMM1ZsSzhBV1RUa1NDYmN1dnJoSEc5NFZKUDdqZ3AvU2NUCk82OTRtbTVocXN1Z2ZKeHg5MzB5YTRINEVGdmJNUmhjUURTQlpJbkZvTlJrOTA4MXBHKzJjb2hlMVAwdEdGeUsKZVdjV0tqald5Vm5QckhlY2IzL1hORFltdGs1Y2g5UmF4MFBkSG0rWmpsUCt2cFEycWxHc25RN2RqbnBJYUE5ZQpvaHhZN3c5c3BrY0VCU2tKNmN0SGR1WlRhRnNONytTSTJDZW1pMW5peWdyTi84S21FYU5LWGo0aXBIRmg4VEZJCm9KVFNZVzkvd3IyTGovRVdsVWU5NVdsdE1wT3hHZENqOURmZ2trUnFvRmZQY2N3UGcwS0ZOSmFUbWRlRDNVNDkKOGIvcm04MlM0TlVFVXhBVEpnT3hHRW84YWpvcTQ2ZmRKdUh2NVRRNmJQZDFkTWR2SVg1b05Zc1BOL3VzczQ2TQpoaHo1eFBHU0dpamw4RWZVMy9PMTM3ZU9QSlM1VXRHSzAwNTgxbFJQRmw2ZVhlNmRwTm41UWxnaXIwNDRTbVpYCjk0L25iTVhFdEUrZHJHMlpHUTFVaVZqSmNOMWVVRXhyUWh4clQ5K1d5SWN3RXBQS3dPWmNoaHFLc2NxcDQ2WksKRjNLMXZ0bWI5WnNKUWx5Z2t5d0NXUHBzTk9LRTZMaDlLVHF2SjBucDRFOENBd0VBQWFOQ01FQXdEZ1lEVlIwUApBUUgvQkFRREFnS2tNQThHQTFVZEV3RUIvd1FGTUFNQkFmOHdIUVlEVlIwT0JCWUVGRU5uMlpoeXNoZ1RpeXAvCnZIRzNGYVd2bDBRTU1BMEdDU3FHU0liM0RRRUJDd1VBQTRJQ0FRQmd2anY2YXFoUmJqanJEbHd0UHljbTNIaXEKekZLMnlQZnlDQ2NqZHRWd3pvK3p4Zi9PMkJ1K0thYkdUaWFsU1p6dS9YZ3o1cXIyT1VTTjNMR1dOR09JWU5weApCajJUb0RMRXVxa3A4UWJkeGtOdEMxdFpNdkhzckx2L3N6dlhncDlISWpNQmYzM213NnFJYUJOdjhOK2c0b2RlCkc2Y0xNVU4wVGl1RnNjQWpUdWVYN2t6dWlpdEQzcHRnUUJDNDkrSFJjeU9pYlRVeFFoQ3FjU3Vjbk4vQ3FRRGIKcUZVaiswK3ZvalJ0VmZQMktBMHM2T0EvSElyQ0FzbFY0VDlxWFlGK2lvanJlQWVnUHZyRE85N0hIdmh0aG5mQQplTUp4NTVyL01ncFUvUjk1elE3NEl4MlpjSVVIbjF6akphR2huUDVIVmQ4aWdrK2ppRVZRQjRmVG5kbmVvTThoCjRiakRyN0pteEtWell5M0k3eitEM3BLWVYvN0VZWnovQW5XTk1EalY1UDBIY1VnMHVZK1NDZEdaSnJBK05PL0QKbEkvRGY4cXVDbzF4SmR4UTRBKy9DZW54a2NqT1BEWnlZelV1SXZqMUhURXRBWnVMKzN6N0RaM1BWSlQwbEZwQwpLeUU4U3VNVUFwQ2cxQUQrVnFxdGh2OGlhODZRZ3l2b1ZVWVlLQ3IvMjc1M0h0enl4NE5jZkJ1VUhVaVJMWGRGCkFhTEg5OVFINXdxaUZWWFg1WWNHbXE2ZzZqZ3k0dXZJRkI3cFh4N2xKZGpKaVh1UzNtRlg4ZkZFSWwxc2FjeFMKQWhVK2xscTBSOVhKUGlKeVNNSE1JWW1nVHlvbHZQWGZEbnU4Rzc2dmd2S0d6YldDeEJ6a0g4Q0N4K1RBWXV0NApPMzZzWkt2SXlOZ0d4c1NkMFE9PQotLS0tLUVORCBDRVJUSUZJQ0FURS0tLS0tCg==",
                "host": "https://aks-12e1b529.hcp.westeurope.azmk8s.io:443",
                "password": "",
                "username": "clusterUser_rg-aks-cluster_aks-cluster"
              }
            ],
            "kube_config_raw": "apiVersion: v1\nclusters:\n- cluster:\n    certificate-authority-data: LS0tLS1CRUdJTiBDRVJUSUZJQ0FURS0tLS0tCk1JSUU2VENDQXRHZ0F3SUJBZ0lSQVBpTHJNeTFXaU1HY21HY2lseHhqL293RFFZSktvWklodmNOQVFFTEJRQXcKRFRFTE1Ba0dBMVVFQXhNQ1kyRXdJQmNOTWpJd09UQTRNVEF6T0RNeFdoZ1BNakExTWpBNU1EZ3hNRFE0TXpGYQpNQTB4Q3pBSkJnTlZCQU1UQW1OaE1JSUNJakFOQmdrcWhraUc5dzBCQVFFRkFBT0NBZzhBTUlJQ0NnS0NBZ0VBCjVldE1SWFkwK05QRFRpSmtKSHRKczdEaThEWVhpM0I2aU1sd0tPazRzSWNHTnEwdW1hQUNKakJ4RFh2SlJ3b00KRTB5TGRQVWR0aWp5eUIwVStWbGFFVm9NUzdINEpLWVRNZTBsTml5d0FEZDd3VVRoRldOeG5xRUhLK05uWXlQaQpUc25maElRMk5sMWhWMlp1cTFvYXQ1dUx4cFNtOStMM1ZsSzhBV1RUa1NDYmN1dnJoSEc5NFZKUDdqZ3AvU2NUCk82OTRtbTVocXN1Z2ZKeHg5MzB5YTRINEVGdmJNUmhjUURTQlpJbkZvTlJrOTA4MXBHKzJjb2hlMVAwdEdGeUsKZVdjV0tqald5Vm5QckhlY2IzL1hORFltdGs1Y2g5UmF4MFBkSG0rWmpsUCt2cFEycWxHc25RN2RqbnBJYUE5ZQpvaHhZN3c5c3BrY0VCU2tKNmN0SGR1WlRhRnNONytTSTJDZW1pMW5peWdyTi84S21FYU5LWGo0aXBIRmg4VEZJCm9KVFNZVzkvd3IyTGovRVdsVWU5NVdsdE1wT3hHZENqOURmZ2trUnFvRmZQY2N3UGcwS0ZOSmFUbWRlRDNVNDkKOGIvcm04MlM0TlVFVXhBVEpnT3hHRW84YWpvcTQ2ZmRKdUh2NVRRNmJQZDFkTWR2SVg1b05Zc1BOL3VzczQ2TQpoaHo1eFBHU0dpamw4RWZVMy9PMTM3ZU9QSlM1VXRHSzAwNTgxbFJQRmw2ZVhlNmRwTm41UWxnaXIwNDRTbVpYCjk0L25iTVhFdEUrZHJHMlpHUTFVaVZqSmNOMWVVRXhyUWh4clQ5K1d5SWN3RXBQS3dPWmNoaHFLc2NxcDQ2WksKRjNLMXZ0bWI5WnNKUWx5Z2t5d0NXUHBzTk9LRTZMaDlLVHF2SjBucDRFOENBd0VBQWFOQ01FQXdEZ1lEVlIwUApBUUgvQkFRREFnS2tNQThHQTFVZEV3RUIvd1FGTUFNQkFmOHdIUVlEVlIwT0JCWUVGRU5uMlpoeXNoZ1RpeXAvCnZIRzNGYVd2bDBRTU1BMEdDU3FHU0liM0RRRUJDd1VBQTRJQ0FRQmd2anY2YXFoUmJqanJEbHd0UHljbTNIaXEKekZLMnlQZnlDQ2NqZHRWd3pvK3p4Zi9PMkJ1K0thYkdUaWFsU1p6dS9YZ3o1cXIyT1VTTjNMR1dOR09JWU5weApCajJUb0RMRXVxa3A4UWJkeGtOdEMxdFpNdkhzckx2L3N6dlhncDlISWpNQmYzM213NnFJYUJOdjhOK2c0b2RlCkc2Y0xNVU4wVGl1RnNjQWpUdWVYN2t6dWlpdEQzcHRnUUJDNDkrSFJjeU9pYlRVeFFoQ3FjU3Vjbk4vQ3FRRGIKcUZVaiswK3ZvalJ0VmZQMktBMHM2T0EvSElyQ0FzbFY0VDlxWFlGK2lvanJlQWVnUHZyRE85N0hIdmh0aG5mQQplTUp4NTVyL01ncFUvUjk1elE3NEl4MlpjSVVIbjF6akphR2huUDVIVmQ4aWdrK2ppRVZRQjRmVG5kbmVvTThoCjRiakRyN0pteEtWell5M0k3eitEM3BLWVYvN0VZWnovQW5XTk1EalY1UDBIY1VnMHVZK1NDZEdaSnJBK05PL0QKbEkvRGY4cXVDbzF4SmR4UTRBKy9DZW54a2NqT1BEWnlZelV1SXZqMUhURXRBWnVMKzN6N0RaM1BWSlQwbEZwQwpLeUU4U3VNVUFwQ2cxQUQrVnFxdGh2OGlhODZRZ3l2b1ZVWVlLQ3IvMjc1M0h0enl4NE5jZkJ1VUhVaVJMWGRGCkFhTEg5OVFINXdxaUZWWFg1WWNHbXE2ZzZqZ3k0dXZJRkI3cFh4N2xKZGpKaVh1UzNtRlg4ZkZFSWwxc2FjeFMKQWhVK2xscTBSOVhKUGlKeVNNSE1JWW1nVHlvbHZQWGZEbnU4Rzc2dmd2S0d6YldDeEJ6a0g4Q0N4K1RBWXV0NApPMzZzWkt2SXlOZ0d4c1NkMFE9PQotLS0tLUVORCBDRVJUSUZJQ0FURS0tLS0tCg==\n    server: https://aks-12e1b529.hcp.westeurope.azmk8s.io:443\n  name: aks-cluster\ncontexts:\n- context:\n    cluster: aks-cluster\n    user: clusterUser_rg-aks-cluster_aks-cluster\n  name: aks-cluster\ncurrent-context: aks-cluster\nkind: Config\npreferences: {}\nusers:\n- name: clusterUser_rg-aks-cluster_aks-cluster\n  user:\n    exec:\n      apiVersion: client.authentication.k8s.io/v1beta1\n      args:\n      - get-token\n      - --environment\n      - AzurePublicCloud\n      - --server-id\n      - 6dae42f8-4368-4678-94ff-3960e28e3630\n      - --client-id\n      - 80faf920-1908-4b52-b5ef-a8e7bedfc67a\n      - --tenant-id\n      - 558506eb-9459-4ef3-b920-ad55c555e729\n      - --login\n      - devicecode\n      command: kubelogin\n      env: null\n",
            "kubelet_identity": [
              {
                "client_id": "e45e544f-a094-4940-9309-e94f73b279cd",
                "object_id": "65dc951c-941c-498a-932a-5c46c486be1a",
                "user_assigned_identity_id": "/subscriptions/17b12858-3960-4e6f-a663-a06fdae23428/resourceGroups/rg-aks-cluster/providers/Microsoft.ManagedIdentity/userAssignedIdentities/aks-cluster-agentpool"
              }
            ],
            "kubernetes_version": "1.24.3",
            "linux_profile": [
              {
                "admin_username": "",
                "ssh_key": []
              }
            ],
            "location": "westeurope",
            "microsoft_defender": [],
            "name": "aks-cluster",
            "network_profile": [
              {
                "dns_service_ip": "10.0.0.10",
                "docker_bridge_cidr": "172.17.0.1/16",
                "load_balancer_sku": "Standard",
                "network_plugin": "azure",
                "network_policy": "calico",
                "pod_cidr": "",
                "service_cidr": "10.0.0.0/16"
              }
            ],
            "node_resource_group": "rg-aks-cluster-managed",
            "oidc_issuer_enabled": true,
            "oidc_issuer_url": "https://oidc.prod-aks.azure.com/62e3e1f0-f879-400f-a389-99197b00fae8/",
            "oms_agent": [
              {
                "log_analytics_workspace_id": "/subscriptions/17b12858-3960-4e6f-a663-a06fdae23428/resourceGroups/rg-aks-cluster/providers/Microsoft.OperationalInsights/workspaces/loganalyticsakscluster",
                "oms_agent_identity": [
                  {
                    "client_id": "f05341cc-c03d-40c7-a218-afc62b26453d",
                    "object_id": "5b2bdda8-729a-495a-9d67-99cd6b6183b4",
                    "user_assigned_identity_id": "/subscriptions/17b12858-3960-4e6f-a663-a06fdae23428/resourcegroups/rg-aks-cluster-managed/providers/Microsoft.ManagedIdentity/userAssignedIdentities/omsagent-aks-cluster"
                  }
                ]
              }
            ],
            "open_service_mesh_enabled": true,
            "private_cluster_enabled": false,
            "private_fqdn": "",
            "resource_group_name": "rg-aks-cluster",
            "role_based_access_control_enabled": true,
            "service_principal": [
              {
                "client_id": "msi"
              }
            ],
            "tags": {
              "environment": "development",
              "source": "terraform"
            },
            "timeouts": null,
            "windows_profile": [
              {
                "admin_username": "azureuser"
              }
            ]
          },
          "sensitive_attributes": []
        }
      ]
    },
    {
      "mode": "data",
      "type": "azurerm_subscription",
      "name": "current",
      "provider": "provider[\"registry.terraform.io/hashicorp/azurerm\"]",
      "instances": [
        {
          "schema_version": 0,
          "attributes": {
            "display_name": "Microsoft-Azure-0",
            "id": "/subscriptions/17b12858-3960-4e6f-a663-a06fdae23428",
            "location_placement_id": "Public_2014-09-01",
            "quota_id": "MSDN_2014-09-01",
            "spending_limit": "On",
            "state": "Enabled",
            "subscription_id": "17b12858-3960-4e6f-a663-a06fdae23428",
            "tags": {},
            "tenant_id": "558506eb-9459-4ef3-b920-ad55c555e729",
            "timeouts": null
          },
          "sensitive_attributes": []
        }
      ]
    },
    {
      "mode": "managed",
      "type": "azuread_application",
      "name": "app_aks_helm",
      "provider": "provider[\"registry.terraform.io/hashicorp/azuread\"]",
      "instances": [
        {
          "schema_version": 1,
          "attributes": {
            "api": [
              {
                "known_client_applications": [],
                "mapped_claims_enabled": false,
                "oauth2_permission_scope": [],
                "requested_access_token_version": 1
              }
            ],
            "app_role": [],
            "app_role_ids": {},
            "application_id": "e61cc050-ed61-4e24-815e-9f4ee3bae883",
            "device_only_auth_enabled": false,
            "disabled_by_microsoft": "\u003cnil\u003e",
            "display_name": "spn_aks_helm",
            "fallback_public_client_enabled": false,
            "feature_tags": [
              {
                "custom_single_sign_on": false,
                "enterprise": false,
                "gallery": false,
                "hide": false
              }
            ],
            "group_membership_claims": [],
            "id": "a51d17e8-86cb-47ba-ab6b-e31f0b128d4a",
            "identifier_uris": [],
            "logo_image": "",
            "logo_url": "",
            "marketing_url": "",
            "oauth2_permission_scope_ids": {},
            "oauth2_post_response_required": false,
            "object_id": "a51d17e8-86cb-47ba-ab6b-e31f0b128d4a",
            "optional_claims": [
              {
                "access_token": [],
                "id_token": [],
                "saml2_token": []
              }
            ],
            "owners": [],
            "prevent_duplicate_names": false,
            "privacy_statement_url": "",
            "public_client": [
              {
                "redirect_uris": []
              }
            ],
            "publisher_domain": "houssemdellai.onmicrosoft.com",
            "required_resource_access": [],
            "sign_in_audience": "AzureADMyOrg",
            "single_page_application": [
              {
                "redirect_uris": []
              }
            ],
            "support_url": "",
            "tags": [],
            "template_id": "",
            "terms_of_service_url": "",
            "timeouts": null,
            "web": [
              {
                "homepage_url": "",
                "implicit_grant": [
                  {
                    "access_token_issuance_enabled": false,
                    "id_token_issuance_enabled": false
                  }
                ],
                "logout_url": "",
                "redirect_uris": []
              }
            ]
          },
          "sensitive_attributes": [],
          "private": "eyJlMmJmYjczMC1lY2FhLTExZTYtOGY4OC0zNDM2M2JjN2M0YzAiOnsiY3JlYXRlIjo2MDAwMDAwMDAwMDAsImRlbGV0ZSI6MzAwMDAwMDAwMDAwLCJyZWFkIjozMDAwMDAwMDAwMDAsInVwZGF0ZSI6NjAwMDAwMDAwMDAwfSwic2NoZW1hX3ZlcnNpb24iOiIxIn0="
        }
      ]
    },
    {
      "mode": "managed",
      "type": "azuread_application",
      "name": "app_kasten",
      "provider": "provider[\"registry.terraform.io/hashicorp/azuread\"]",
      "instances": [
        {
          "schema_version": 1,
          "attributes": {
            "api": [
              {
                "known_client_applications": [],
                "mapped_claims_enabled": false,
                "oauth2_permission_scope": [],
                "requested_access_token_version": 1
              }
            ],
            "app_role": [],
            "app_role_ids": {},
            "application_id": "18278c52-42cc-4219-b066-6560c8f6d298",
            "device_only_auth_enabled": false,
            "disabled_by_microsoft": "\u003cnil\u003e",
            "display_name": "spn_kasten",
            "fallback_public_client_enabled": false,
            "feature_tags": [
              {
                "custom_single_sign_on": false,
                "enterprise": false,
                "gallery": false,
                "hide": false
              }
            ],
            "group_membership_claims": [],
            "id": "3a9df863-23bd-4344-83b9-b2ce80a17948",
            "identifier_uris": [],
            "logo_image": "",
            "logo_url": "",
            "marketing_url": "",
            "oauth2_permission_scope_ids": {},
            "oauth2_post_response_required": false,
            "object_id": "3a9df863-23bd-4344-83b9-b2ce80a17948",
            "optional_claims": [
              {
                "access_token": [],
                "id_token": [],
                "saml2_token": []
              }
            ],
            "owners": [],
            "prevent_duplicate_names": false,
            "privacy_statement_url": "",
            "public_client": [
              {
                "redirect_uris": []
              }
            ],
            "publisher_domain": "houssemdellai.onmicrosoft.com",
            "required_resource_access": [],
            "sign_in_audience": "AzureADMyOrg",
            "single_page_application": [
              {
                "redirect_uris": []
              }
            ],
            "support_url": "",
            "tags": [],
            "template_id": "",
            "terms_of_service_url": "",
            "timeouts": null,
            "web": [
              {
                "homepage_url": "",
                "implicit_grant": [
                  {
                    "access_token_issuance_enabled": false,
                    "id_token_issuance_enabled": false
                  }
                ],
                "logout_url": "",
                "redirect_uris": []
              }
            ]
          },
          "sensitive_attributes": [],
          "private": "eyJlMmJmYjczMC1lY2FhLTExZTYtOGY4OC0zNDM2M2JjN2M0YzAiOnsiY3JlYXRlIjo2MDAwMDAwMDAwMDAsImRlbGV0ZSI6MzAwMDAwMDAwMDAwLCJyZWFkIjozMDAwMDAwMDAwMDAsInVwZGF0ZSI6NjAwMDAwMDAwMDAwfSwic2NoZW1hX3ZlcnNpb24iOiIxIn0="
        }
      ]
    },
    {
      "mode": "managed",
      "type": "azuread_application",
      "name": "app_kubecost",
      "provider": "provider[\"registry.terraform.io/hashicorp/azuread\"]",
      "instances": [
        {
          "schema_version": 1,
          "attributes": {
            "api": [
              {
                "known_client_applications": [],
                "mapped_claims_enabled": false,
                "oauth2_permission_scope": [],
                "requested_access_token_version": 1
              }
            ],
            "app_role": [],
            "app_role_ids": {},
            "application_id": "5ea3f601-804b-4e9a-8a8a-92ea98d3cf19",
            "device_only_auth_enabled": false,
            "disabled_by_microsoft": "\u003cnil\u003e",
            "display_name": "spn_kubecost",
            "fallback_public_client_enabled": false,
            "feature_tags": [
              {
                "custom_single_sign_on": false,
                "enterprise": false,
                "gallery": false,
                "hide": false
              }
            ],
            "group_membership_claims": [],
            "id": "1871f816-26fd-435c-a8ce-d3419af9b3de",
            "identifier_uris": [],
            "logo_image": "",
            "logo_url": "",
            "marketing_url": "",
            "oauth2_permission_scope_ids": {},
            "oauth2_post_response_required": false,
            "object_id": "1871f816-26fd-435c-a8ce-d3419af9b3de",
            "optional_claims": [
              {
                "access_token": [],
                "id_token": [],
                "saml2_token": []
              }
            ],
            "owners": [],
            "prevent_duplicate_names": false,
            "privacy_statement_url": "",
            "public_client": [
              {
                "redirect_uris": []
              }
            ],
            "publisher_domain": "houssemdellai.onmicrosoft.com",
            "required_resource_access": [],
            "sign_in_audience": "AzureADMyOrg",
            "single_page_application": [
              {
                "redirect_uris": []
              }
            ],
            "support_url": "",
            "tags": [],
            "template_id": "",
            "terms_of_service_url": "",
            "timeouts": null,
            "web": [
              {
                "homepage_url": "",
                "implicit_grant": [
                  {
                    "access_token_issuance_enabled": false,
                    "id_token_issuance_enabled": false
                  }
                ],
                "logout_url": "",
                "redirect_uris": []
              }
            ]
          },
          "sensitive_attributes": [],
          "private": "eyJlMmJmYjczMC1lY2FhLTExZTYtOGY4OC0zNDM2M2JjN2M0YzAiOnsiY3JlYXRlIjo2MDAwMDAwMDAwMDAsImRlbGV0ZSI6MzAwMDAwMDAwMDAwLCJyZWFkIjozMDAwMDAwMDAwMDAsInVwZGF0ZSI6NjAwMDAwMDAwMDAwfSwic2NoZW1hX3ZlcnNpb24iOiIxIn0="
        }
      ]
    },
    {
      "mode": "managed",
      "type": "azuread_application",
      "name": "app_velero",
      "provider": "provider[\"registry.terraform.io/hashicorp/azuread\"]",
      "instances": [
        {
          "schema_version": 1,
          "attributes": {
            "api": [
              {
                "known_client_applications": [],
                "mapped_claims_enabled": false,
                "oauth2_permission_scope": [],
                "requested_access_token_version": 1
              }
            ],
            "app_role": [],
            "app_role_ids": {},
            "application_id": "24b9670c-d730-40cb-bbc7-7e7867dae0b5",
            "device_only_auth_enabled": false,
            "disabled_by_microsoft": "\u003cnil\u003e",
            "display_name": "spn_velero",
            "fallback_public_client_enabled": false,
            "feature_tags": [
              {
                "custom_single_sign_on": false,
                "enterprise": false,
                "gallery": false,
                "hide": false
              }
            ],
            "group_membership_claims": [],
            "id": "95a683a2-a870-4956-9b6e-77cd63cc9337",
            "identifier_uris": [],
            "logo_image": "",
            "logo_url": "",
            "marketing_url": "",
            "oauth2_permission_scope_ids": {},
            "oauth2_post_response_required": false,
            "object_id": "95a683a2-a870-4956-9b6e-77cd63cc9337",
            "optional_claims": [
              {
                "access_token": [],
                "id_token": [],
                "saml2_token": []
              }
            ],
            "owners": [],
            "prevent_duplicate_names": false,
            "privacy_statement_url": "",
            "public_client": [
              {
                "redirect_uris": []
              }
            ],
            "publisher_domain": "houssemdellai.onmicrosoft.com",
            "required_resource_access": [],
            "sign_in_audience": "AzureADMyOrg",
            "single_page_application": [
              {
                "redirect_uris": []
              }
            ],
            "support_url": "",
            "tags": [],
            "template_id": "",
            "terms_of_service_url": "",
            "timeouts": null,
            "web": [
              {
                "homepage_url": "",
                "implicit_grant": [
                  {
                    "access_token_issuance_enabled": false,
                    "id_token_issuance_enabled": false
                  }
                ],
                "logout_url": "",
                "redirect_uris": []
              }
            ]
          },
          "sensitive_attributes": [],
          "private": "eyJlMmJmYjczMC1lY2FhLTExZTYtOGY4OC0zNDM2M2JjN2M0YzAiOnsiY3JlYXRlIjo2MDAwMDAwMDAwMDAsImRlbGV0ZSI6MzAwMDAwMDAwMDAwLCJyZWFkIjozMDAwMDAwMDAwMDAsInVwZGF0ZSI6NjAwMDAwMDAwMDAwfSwic2NoZW1hX3ZlcnNpb24iOiIxIn0="
        }
      ]
    },
    {
      "mode": "managed",
      "type": "azuread_group_member",
      "name": "spn_aks_helm_aks_admin",
      "provider": "provider[\"registry.terraform.io/hashicorp/azuread\"]",
      "instances": [
        {
          "schema_version": 0,
          "attributes": {
            "group_object_id": "875779ab-cfba-4fbb-a888-e81844a6e808",
            "id": "875779ab-cfba-4fbb-a888-e81844a6e808/member/2a1f1c1d-8737-469b-8d0d-da274b5c0c24",
            "member_object_id": "2a1f1c1d-8737-469b-8d0d-da274b5c0c24",
            "timeouts": null
          },
          "sensitive_attributes": [],
          "private": "eyJlMmJmYjczMC1lY2FhLTExZTYtOGY4OC0zNDM2M2JjN2M0YzAiOnsiY3JlYXRlIjozMDAwMDAwMDAwMDAsImRlbGV0ZSI6MzAwMDAwMDAwMDAwLCJyZWFkIjozMDAwMDAwMDAwMDAsInVwZGF0ZSI6MzAwMDAwMDAwMDAwfX0=",
          "dependencies": [
            "azuread_application.app_aks_helm",
            "azuread_service_principal.spn_aks_helm",
            "data.azuread_group.aks_admins"
          ]
        }
      ]
    },
    {
      "mode": "managed",
      "type": "azuread_service_principal",
      "name": "spn_aks_helm",
      "provider": "provider[\"registry.terraform.io/hashicorp/azuread\"]",
      "instances": [
        {
          "schema_version": 0,
          "attributes": {
            "account_enabled": true,
            "alternative_names": [],
            "app_role_assignment_required": false,
            "app_role_ids": {},
            "app_roles": [],
            "application_id": "e61cc050-ed61-4e24-815e-9f4ee3bae883",
            "application_tenant_id": "558506eb-9459-4ef3-b920-ad55c555e729",
            "description": "",
            "display_name": "spn_aks_helm",
            "feature_tags": [
              {
                "custom_single_sign_on": false,
                "enterprise": false,
                "gallery": false,
                "hide": false
              }
            ],
            "features": [
              {
                "custom_single_sign_on_app": false,
                "enterprise_application": false,
                "gallery_application": false,
                "visible_to_users": true
              }
            ],
            "homepage_url": "",
            "id": "2a1f1c1d-8737-469b-8d0d-da274b5c0c24",
            "login_url": "",
            "logout_url": "",
            "notes": "",
            "notification_email_addresses": [],
            "oauth2_permission_scope_ids": {},
            "oauth2_permission_scopes": [],
            "object_id": "2a1f1c1d-8737-469b-8d0d-da274b5c0c24",
            "owners": [],
            "preferred_single_sign_on_mode": "",
            "redirect_uris": [],
            "saml_metadata_url": "",
            "saml_single_sign_on": [
              {
                "relay_state": ""
              }
            ],
            "service_principal_names": [],
            "sign_in_audience": "AzureADMyOrg",
            "tags": [],
            "timeouts": null,
            "type": "Application",
            "use_existing": null
          },
          "sensitive_attributes": [],
          "private": "eyJlMmJmYjczMC1lY2FhLTExZTYtOGY4OC0zNDM2M2JjN2M0YzAiOnsiY3JlYXRlIjo2MDAwMDAwMDAwMDAsImRlbGV0ZSI6MzAwMDAwMDAwMDAwLCJyZWFkIjozMDAwMDAwMDAwMDAsInVwZGF0ZSI6NjAwMDAwMDAwMDAwfX0=",
          "dependencies": [
            "azuread_application.app_aks_helm"
          ]
        }
      ]
    },
    {
      "mode": "managed",
      "type": "azuread_service_principal",
      "name": "spn_kasten",
      "provider": "provider[\"registry.terraform.io/hashicorp/azuread\"]",
      "instances": [
        {
          "schema_version": 0,
          "attributes": {
            "account_enabled": true,
            "alternative_names": [],
            "app_role_assignment_required": false,
            "app_role_ids": {},
            "app_roles": [],
            "application_id": "18278c52-42cc-4219-b066-6560c8f6d298",
            "application_tenant_id": "558506eb-9459-4ef3-b920-ad55c555e729",
            "description": "",
            "display_name": "spn_kasten",
            "feature_tags": [
              {
                "custom_single_sign_on": false,
                "enterprise": false,
                "gallery": false,
                "hide": false
              }
            ],
            "features": [
              {
                "custom_single_sign_on_app": false,
                "enterprise_application": false,
                "gallery_application": false,
                "visible_to_users": true
              }
            ],
            "homepage_url": "",
            "id": "c8729d55-ee86-413e-a57c-61bd49e79090",
            "login_url": "",
            "logout_url": "",
            "notes": "",
            "notification_email_addresses": [],
            "oauth2_permission_scope_ids": {},
            "oauth2_permission_scopes": [],
            "object_id": "c8729d55-ee86-413e-a57c-61bd49e79090",
            "owners": [],
            "preferred_single_sign_on_mode": "",
            "redirect_uris": [],
            "saml_metadata_url": "",
            "saml_single_sign_on": [
              {
                "relay_state": ""
              }
            ],
            "service_principal_names": [],
            "sign_in_audience": "AzureADMyOrg",
            "tags": [],
            "timeouts": null,
            "type": "Application",
            "use_existing": null
          },
          "sensitive_attributes": [],
          "private": "eyJlMmJmYjczMC1lY2FhLTExZTYtOGY4OC0zNDM2M2JjN2M0YzAiOnsiY3JlYXRlIjo2MDAwMDAwMDAwMDAsImRlbGV0ZSI6MzAwMDAwMDAwMDAwLCJyZWFkIjozMDAwMDAwMDAwMDAsInVwZGF0ZSI6NjAwMDAwMDAwMDAwfX0=",
          "dependencies": [
            "azuread_application.app_kasten"
          ]
        }
      ]
    },
    {
      "mode": "managed",
      "type": "azuread_service_principal",
      "name": "spn_kubecost",
      "provider": "provider[\"registry.terraform.io/hashicorp/azuread\"]",
      "instances": [
        {
          "schema_version": 0,
          "attributes": {
            "account_enabled": true,
            "alternative_names": [],
            "app_role_assignment_required": false,
            "app_role_ids": {},
            "app_roles": [],
            "application_id": "5ea3f601-804b-4e9a-8a8a-92ea98d3cf19",
            "application_tenant_id": "558506eb-9459-4ef3-b920-ad55c555e729",
            "description": "",
            "display_name": "spn_kubecost",
            "feature_tags": [
              {
                "custom_single_sign_on": false,
                "enterprise": false,
                "gallery": false,
                "hide": false
              }
            ],
            "features": [
              {
                "custom_single_sign_on_app": false,
                "enterprise_application": false,
                "gallery_application": false,
                "visible_to_users": true
              }
            ],
            "homepage_url": "",
            "id": "1b5a796f-726f-40e4-ac8f-29f1b420d5c6",
            "login_url": "",
            "logout_url": "",
            "notes": "",
            "notification_email_addresses": [],
            "oauth2_permission_scope_ids": {},
            "oauth2_permission_scopes": [],
            "object_id": "1b5a796f-726f-40e4-ac8f-29f1b420d5c6",
            "owners": [],
            "preferred_single_sign_on_mode": "",
            "redirect_uris": [],
            "saml_metadata_url": "",
            "saml_single_sign_on": [
              {
                "relay_state": ""
              }
            ],
            "service_principal_names": [],
            "sign_in_audience": "AzureADMyOrg",
            "tags": [],
            "timeouts": null,
            "type": "Application",
            "use_existing": null
          },
          "sensitive_attributes": [],
          "private": "eyJlMmJmYjczMC1lY2FhLTExZTYtOGY4OC0zNDM2M2JjN2M0YzAiOnsiY3JlYXRlIjo2MDAwMDAwMDAwMDAsImRlbGV0ZSI6MzAwMDAwMDAwMDAwLCJyZWFkIjozMDAwMDAwMDAwMDAsInVwZGF0ZSI6NjAwMDAwMDAwMDAwfX0=",
          "dependencies": [
            "azuread_application.app_kubecost"
          ]
        }
      ]
    },
    {
      "mode": "managed",
      "type": "azuread_service_principal",
      "name": "spn_velero",
      "provider": "provider[\"registry.terraform.io/hashicorp/azuread\"]",
      "instances": [
        {
          "schema_version": 0,
          "attributes": {
            "account_enabled": true,
            "alternative_names": [],
            "app_role_assignment_required": false,
            "app_role_ids": {},
            "app_roles": [],
            "application_id": "24b9670c-d730-40cb-bbc7-7e7867dae0b5",
            "application_tenant_id": "558506eb-9459-4ef3-b920-ad55c555e729",
            "description": "",
            "display_name": "spn_velero",
            "feature_tags": [
              {
                "custom_single_sign_on": false,
                "enterprise": false,
                "gallery": false,
                "hide": false
              }
            ],
            "features": [
              {
                "custom_single_sign_on_app": false,
                "enterprise_application": false,
                "gallery_application": false,
                "visible_to_users": true
              }
            ],
            "homepage_url": "",
            "id": "0643c439-74f0-4c6d-abbf-87333b6da46d",
            "login_url": "",
            "logout_url": "",
            "notes": "",
            "notification_email_addresses": [],
            "oauth2_permission_scope_ids": {},
            "oauth2_permission_scopes": [],
            "object_id": "0643c439-74f0-4c6d-abbf-87333b6da46d",
            "owners": [],
            "preferred_single_sign_on_mode": "",
            "redirect_uris": [],
            "saml_metadata_url": "",
            "saml_single_sign_on": [
              {
                "relay_state": ""
              }
            ],
            "service_principal_names": [],
            "sign_in_audience": "AzureADMyOrg",
            "tags": [],
            "timeouts": null,
            "type": "Application",
            "use_existing": null
          },
          "sensitive_attributes": [],
          "private": "eyJlMmJmYjczMC1lY2FhLTExZTYtOGY4OC0zNDM2M2JjN2M0YzAiOnsiY3JlYXRlIjo2MDAwMDAwMDAwMDAsImRlbGV0ZSI6MzAwMDAwMDAwMDAwLCJyZWFkIjozMDAwMDAwMDAwMDAsInVwZGF0ZSI6NjAwMDAwMDAwMDAwfX0=",
          "dependencies": [
            "azuread_application.app_velero"
          ]
        }
      ]
    },
    {
      "mode": "managed",
      "type": "azuread_service_principal_password",
      "name": "password_spn_aks_helm",
      "provider": "provider[\"registry.terraform.io/hashicorp/azuread\"]",
      "instances": [
        {
          "schema_version": 1,
          "attributes": {
            "display_name": null,
            "end_date": "2024-09-08T11:31:07Z",
            "end_date_relative": null,
            "id": "2a1f1c1d-8737-469b-8d0d-da274b5c0c24/password/2fa56a05-400d-4517-aae1-5d9b2bbe6322",
            "key_id": "2fa56a05-400d-4517-aae1-5d9b2bbe6322",
            "rotate_when_changed": null,
            "service_principal_id": "2a1f1c1d-8737-469b-8d0d-da274b5c0c24",
            "start_date": "2022-09-08T11:31:07Z",
            "timeouts": null,
            "value": "v9c8Q~4-7w6I3OJcRnVX2_AcjcGrMFB4exaLvaaI"
          },
          "sensitive_attributes": [],
          "private": "eyJlMmJmYjczMC1lY2FhLTExZTYtOGY4OC0zNDM2M2JjN2M0YzAiOnsiY3JlYXRlIjozMDAwMDAwMDAwMDAsImRlbGV0ZSI6MzAwMDAwMDAwMDAwLCJyZWFkIjozMDAwMDAwMDAwMDAsInVwZGF0ZSI6MzAwMDAwMDAwMDAwfSwic2NoZW1hX3ZlcnNpb24iOiIxIn0=",
          "dependencies": [
            "azuread_application.app_aks_helm",
            "azuread_service_principal.spn_aks_helm"
          ]
        }
      ]
    },
    {
      "mode": "managed",
      "type": "azuread_service_principal_password",
      "name": "password_spn_kasten",
      "provider": "provider[\"registry.terraform.io/hashicorp/azuread\"]",
      "instances": [
        {
          "schema_version": 1,
          "attributes": {
            "display_name": null,
            "end_date": "2024-09-08T11:31:07Z",
            "end_date_relative": null,
            "id": "c8729d55-ee86-413e-a57c-61bd49e79090/password/5f095ac0-5696-4bf3-b8e5-d48993deb57a",
            "key_id": "5f095ac0-5696-4bf3-b8e5-d48993deb57a",
            "rotate_when_changed": null,
            "service_principal_id": "c8729d55-ee86-413e-a57c-61bd49e79090",
            "start_date": "2022-09-08T11:31:07Z",
            "timeouts": null,
            "value": "bhf8Q~1YKkLyX4CNK6T7Np6QzUPDGwrGkf9CucpH"
          },
          "sensitive_attributes": [],
          "private": "eyJlMmJmYjczMC1lY2FhLTExZTYtOGY4OC0zNDM2M2JjN2M0YzAiOnsiY3JlYXRlIjozMDAwMDAwMDAwMDAsImRlbGV0ZSI6MzAwMDAwMDAwMDAwLCJyZWFkIjozMDAwMDAwMDAwMDAsInVwZGF0ZSI6MzAwMDAwMDAwMDAwfSwic2NoZW1hX3ZlcnNpb24iOiIxIn0=",
          "dependencies": [
            "azuread_application.app_kasten",
            "azuread_service_principal.spn_kasten"
          ]
        }
      ]
    },
    {
      "mode": "managed",
      "type": "azuread_service_principal_password",
      "name": "password_spn_kubecost",
      "provider": "provider[\"registry.terraform.io/hashicorp/azuread\"]",
      "instances": [
        {
          "schema_version": 1,
          "attributes": {
            "display_name": null,
            "end_date": "2024-09-08T11:31:06Z",
            "end_date_relative": null,
            "id": "1b5a796f-726f-40e4-ac8f-29f1b420d5c6/password/6cbc8442-70d4-4bbc-afd3-ae81d9007ba9",
            "key_id": "6cbc8442-70d4-4bbc-afd3-ae81d9007ba9",
            "rotate_when_changed": null,
            "service_principal_id": "1b5a796f-726f-40e4-ac8f-29f1b420d5c6",
            "start_date": "2022-09-08T11:31:06Z",
            "timeouts": null,
            "value": "rAw8Q~YDty4K2366dHrm21rA25p0AE9IhJRUEdqj"
          },
          "sensitive_attributes": [],
          "private": "eyJlMmJmYjczMC1lY2FhLTExZTYtOGY4OC0zNDM2M2JjN2M0YzAiOnsiY3JlYXRlIjozMDAwMDAwMDAwMDAsImRlbGV0ZSI6MzAwMDAwMDAwMDAwLCJyZWFkIjozMDAwMDAwMDAwMDAsInVwZGF0ZSI6MzAwMDAwMDAwMDAwfSwic2NoZW1hX3ZlcnNpb24iOiIxIn0=",
          "dependencies": [
            "azuread_application.app_kubecost",
            "azuread_service_principal.spn_kubecost"
          ]
        }
      ]
    },
    {
      "mode": "managed",
      "type": "azuread_service_principal_password",
      "name": "password_spn_velero",
      "provider": "provider[\"registry.terraform.io/hashicorp/azuread\"]",
      "instances": [
        {
          "schema_version": 1,
          "attributes": {
            "display_name": null,
            "end_date": "2024-09-08T11:31:06Z",
            "end_date_relative": null,
            "id": "0643c439-74f0-4c6d-abbf-87333b6da46d/password/2621a783-b237-4318-8d88-a208094367f4",
            "key_id": "2621a783-b237-4318-8d88-a208094367f4",
            "rotate_when_changed": null,
            "service_principal_id": "0643c439-74f0-4c6d-abbf-87333b6da46d",
            "start_date": "2022-09-08T11:31:06Z",
            "timeouts": null,
            "value": "~Zo8Q~lD~Z45eG6UnniZ53mq9qVHK~vraiOMFaAp"
          },
          "sensitive_attributes": [],
          "private": "eyJlMmJmYjczMC1lY2FhLTExZTYtOGY4OC0zNDM2M2JjN2M0YzAiOnsiY3JlYXRlIjozMDAwMDAwMDAwMDAsImRlbGV0ZSI6MzAwMDAwMDAwMDAwLCJyZWFkIjozMDAwMDAwMDAwMDAsInVwZGF0ZSI6MzAwMDAwMDAwMDAwfSwic2NoZW1hX3ZlcnNpb24iOiIxIn0=",
          "dependencies": [
            "azuread_application.app_velero",
            "azuread_service_principal.spn_velero"
          ]
        }
      ]
    },
    {
      "mode": "managed",
      "type": "azurerm_resource_group",
      "name": "aks_backups",
      "provider": "provider[\"registry.terraform.io/hashicorp/azurerm\"]",
      "instances": [
        {
          "schema_version": 0,
          "attributes": {
            "id": "/subscriptions/17b12858-3960-4e6f-a663-a06fdae23428/resourceGroups/rg-aks-cluster-backups",
            "location": "northeurope",
            "name": "rg-aks-cluster-backups",
            "tags": {
              "environment": "development",
              "source": "terraform"
            },
            "timeouts": null
          },
          "sensitive_attributes": [],
          "private": "eyJlMmJmYjczMC1lY2FhLTExZTYtOGY4OC0zNDM2M2JjN2M0YzAiOnsiY3JlYXRlIjo1NDAwMDAwMDAwMDAwLCJkZWxldGUiOjU0MDAwMDAwMDAwMDAsInJlYWQiOjMwMDAwMDAwMDAwMCwidXBkYXRlIjo1NDAwMDAwMDAwMDAwfX0="
        }
      ]
    },
    {
      "mode": "managed",
      "type": "azurerm_role_assignment",
      "name": "kubecost",
      "provider": "provider[\"registry.terraform.io/hashicorp/azurerm\"]",
      "instances": [
        {
          "schema_version": 0,
          "attributes": {
            "condition": "",
            "condition_version": "",
            "delegated_managed_identity_resource_id": "",
            "description": "",
            "id": "/subscriptions/17b12858-3960-4e6f-a663-a06fdae23428/providers/Microsoft.Authorization/roleAssignments/6a3d534a-fd6f-2899-545b-99af77036672",
            "name": "6a3d534a-fd6f-2899-545b-99af77036672",
            "principal_id": "1b5a796f-726f-40e4-ac8f-29f1b420d5c6",
            "principal_type": "ServicePrincipal",
            "role_definition_id": "/subscriptions/17b12858-3960-4e6f-a663-a06fdae23428/providers/Microsoft.Authorization/roleDefinitions/d35021d3-c7ad-6f04-b481-b45967fcc538",
            "role_definition_name": "rate_card_query_kubecost_aks",
            "scope": "/subscriptions/17b12858-3960-4e6f-a663-a06fdae23428",
            "skip_service_principal_aad_check": null,
            "timeouts": null
          },
          "sensitive_attributes": [],
          "private": "eyJlMmJmYjczMC1lY2FhLTExZTYtOGY4OC0zNDM2M2JjN2M0YzAiOnsiY3JlYXRlIjoxODAwMDAwMDAwMDAwLCJkZWxldGUiOjE4MDAwMDAwMDAwMDAsInJlYWQiOjMwMDAwMDAwMDAwMCwidXBkYXRlIjoxODAwMDAwMDAwMDAwfX0=",
          "dependencies": [
            "azuread_application.app_kubecost",
            "azuread_service_principal.spn_kubecost",
            "azurerm_role_definition.kubecost",
            "data.azurerm_subscription.current"
          ]
        }
      ]
    },
    {
      "mode": "managed",
      "type": "azurerm_role_assignment",
      "name": "spn_kasten_role",
      "provider": "provider[\"registry.terraform.io/hashicorp/azurerm\"]",
      "instances": [
        {
          "schema_version": 0,
          "attributes": {
            "condition": "",
            "condition_version": "",
            "delegated_managed_identity_resource_id": "",
            "description": "",
            "id": "/subscriptions/17b12858-3960-4e6f-a663-a06fdae23428/providers/Microsoft.Authorization/roleAssignments/442dbac8-8f87-4223-1d9c-07b25083b6d7",
            "name": "442dbac8-8f87-4223-1d9c-07b25083b6d7",
            "principal_id": "c8729d55-ee86-413e-a57c-61bd49e79090",
            "principal_type": "ServicePrincipal",
            "role_definition_id": "/subscriptions/17b12858-3960-4e6f-a663-a06fdae23428/providers/Microsoft.Authorization/roleDefinitions/b24988ac-6180-42a0-ab88-20f7382dd24c",
            "role_definition_name": "Contributor",
            "scope": "/subscriptions/17b12858-3960-4e6f-a663-a06fdae23428",
            "skip_service_principal_aad_check": null,
            "timeouts": null
          },
          "sensitive_attributes": [],
          "private": "eyJlMmJmYjczMC1lY2FhLTExZTYtOGY4OC0zNDM2M2JjN2M0YzAiOnsiY3JlYXRlIjoxODAwMDAwMDAwMDAwLCJkZWxldGUiOjE4MDAwMDAwMDAwMDAsInJlYWQiOjMwMDAwMDAwMDAwMCwidXBkYXRlIjoxODAwMDAwMDAwMDAwfX0=",
          "dependencies": [
            "azuread_application.app_kasten",
            "azuread_service_principal.spn_kasten",
            "data.azurerm_subscription.current"
          ]
        }
      ]
    },
    {
      "mode": "managed",
      "type": "azurerm_role_assignment",
      "name": "spn_velero_aks_node_rg",
      "provider": "provider[\"registry.terraform.io/hashicorp/azurerm\"]",
      "instances": [
        {
          "schema_version": 0,
          "attributes": {
            "condition": "",
            "condition_version": "",
            "delegated_managed_identity_resource_id": "",
            "description": "",
            "id": "/subscriptions/17b12858-3960-4e6f-a663-a06fdae23428/resourceGroups/rg-aks-cluster-managed/providers/Microsoft.Authorization/roleAssignments/97fe7c80-a298-01a0-8148-378673f851aa",
            "name": "97fe7c80-a298-01a0-8148-378673f851aa",
            "principal_id": "0643c439-74f0-4c6d-abbf-87333b6da46d",
            "principal_type": "ServicePrincipal",
            "role_definition_id": "/subscriptions/17b12858-3960-4e6f-a663-a06fdae23428/providers/Microsoft.Authorization/roleDefinitions/b24988ac-6180-42a0-ab88-20f7382dd24c",
            "role_definition_name": "Contributor",
            "scope": "/subscriptions/17b12858-3960-4e6f-a663-a06fdae23428/resourceGroups/rg-aks-cluster-managed",
            "skip_service_principal_aad_check": null,
            "timeouts": null
          },
          "sensitive_attributes": [],
          "private": "eyJlMmJmYjczMC1lY2FhLTExZTYtOGY4OC0zNDM2M2JjN2M0YzAiOnsiY3JlYXRlIjoxODAwMDAwMDAwMDAwLCJkZWxldGUiOjE4MDAwMDAwMDAwMDAsInJlYWQiOjMwMDAwMDAwMDAwMCwidXBkYXRlIjoxODAwMDAwMDAwMDAwfX0=",
          "dependencies": [
            "azuread_application.app_velero",
            "azuread_service_principal.spn_velero",
            "data.azurerm_kubernetes_cluster.aks",
            "data.azurerm_subscription.current"
          ]
        }
      ]
    },
    {
      "mode": "managed",
      "type": "azurerm_role_assignment",
      "name": "spn_velero_backup_rg",
      "provider": "provider[\"registry.terraform.io/hashicorp/azurerm\"]",
      "instances": [
        {
          "schema_version": 0,
          "attributes": {
            "condition": "",
            "condition_version": "",
            "delegated_managed_identity_resource_id": "",
            "description": "",
            "id": "/subscriptions/17b12858-3960-4e6f-a663-a06fdae23428/resourceGroups/rg-aks-cluster-backups/providers/Microsoft.Authorization/roleAssignments/f6ff35e1-565b-4514-b96e-9330d10be916",
            "name": "f6ff35e1-565b-4514-b96e-9330d10be916",
            "principal_id": "0643c439-74f0-4c6d-abbf-87333b6da46d",
            "principal_type": "ServicePrincipal",
            "role_definition_id": "/subscriptions/17b12858-3960-4e6f-a663-a06fdae23428/providers/Microsoft.Authorization/roleDefinitions/b24988ac-6180-42a0-ab88-20f7382dd24c",
            "role_definition_name": "Contributor",
            "scope": "/subscriptions/17b12858-3960-4e6f-a663-a06fdae23428/resourceGroups/rg-aks-cluster-backups",
            "skip_service_principal_aad_check": null,
            "timeouts": null
          },
          "sensitive_attributes": [],
          "private": "eyJlMmJmYjczMC1lY2FhLTExZTYtOGY4OC0zNDM2M2JjN2M0YzAiOnsiY3JlYXRlIjoxODAwMDAwMDAwMDAwLCJkZWxldGUiOjE4MDAwMDAwMDAwMDAsInJlYWQiOjMwMDAwMDAwMDAwMCwidXBkYXRlIjoxODAwMDAwMDAwMDAwfX0=",
          "dependencies": [
            "azuread_application.app_velero",
            "azuread_service_principal.spn_velero",
            "azurerm_resource_group.aks_backups"
          ]
        }
      ]
    },
    {
      "mode": "managed",
      "type": "azurerm_role_assignment",
      "name": "spn_velero_backup_storage",
      "provider": "provider[\"registry.terraform.io/hashicorp/azurerm\"]",
      "instances": [
        {
          "schema_version": 0,
          "attributes": {
            "condition": "",
            "condition_version": "",
            "delegated_managed_identity_resource_id": "",
            "description": "",
            "id": "/subscriptions/17b12858-3960-4e6f-a663-a06fdae23428/resourceGroups/rg-aks-cluster-backups/providers/Microsoft.Storage/storageAccounts/storageforaksbackup001/providers/Microsoft.Authorization/roleAssignments/87f286bb-3552-fd47-76f6-5fdb694e044f",
            "name": "87f286bb-3552-fd47-76f6-5fdb694e044f",
            "principal_id": "0643c439-74f0-4c6d-abbf-87333b6da46d",
            "principal_type": "ServicePrincipal",
            "role_definition_id": "/subscriptions/17b12858-3960-4e6f-a663-a06fdae23428/providers/Microsoft.Authorization/roleDefinitions/b24988ac-6180-42a0-ab88-20f7382dd24c",
            "role_definition_name": "Contributor",
            "scope": "/subscriptions/17b12858-3960-4e6f-a663-a06fdae23428/resourceGroups/rg-aks-cluster-backups/providers/Microsoft.Storage/storageAccounts/storageforaksbackup001",
            "skip_service_principal_aad_check": null,
            "timeouts": null
          },
          "sensitive_attributes": [],
          "private": "eyJlMmJmYjczMC1lY2FhLTExZTYtOGY4OC0zNDM2M2JjN2M0YzAiOnsiY3JlYXRlIjoxODAwMDAwMDAwMDAwLCJkZWxldGUiOjE4MDAwMDAwMDAwMDAsInJlYWQiOjMwMDAwMDAwMDAwMCwidXBkYXRlIjoxODAwMDAwMDAwMDAwfX0=",
          "dependencies": [
            "azuread_application.app_velero",
            "azuread_service_principal.spn_velero",
            "azurerm_resource_group.aks_backups",
            "azurerm_storage_account.aks_backups"
          ]
        }
      ]
    },
    {
      "mode": "managed",
      "type": "azurerm_role_assignment",
      "name": "spn_velero_backup_storage_key_operator",
      "provider": "provider[\"registry.terraform.io/hashicorp/azurerm\"]",
      "instances": [
        {
          "schema_version": 0,
          "attributes": {
            "condition": "",
            "condition_version": "",
            "delegated_managed_identity_resource_id": "",
            "description": "",
            "id": "/subscriptions/17b12858-3960-4e6f-a663-a06fdae23428/resourceGroups/rg-aks-cluster-backups/providers/Microsoft.Storage/storageAccounts/storageforaksbackup001/providers/Microsoft.Authorization/roleAssignments/30e71280-8763-3926-05a6-489ba6af5387",
            "name": "30e71280-8763-3926-05a6-489ba6af5387",
            "principal_id": "0643c439-74f0-4c6d-abbf-87333b6da46d",
            "principal_type": "ServicePrincipal",
            "role_definition_id": "/subscriptions/17b12858-3960-4e6f-a663-a06fdae23428/providers/Microsoft.Authorization/roleDefinitions/81a9662b-bebf-436f-a333-f67b29880f12",
            "role_definition_name": "Storage Account Key Operator Service Role",
            "scope": "/subscriptions/17b12858-3960-4e6f-a663-a06fdae23428/resourceGroups/rg-aks-cluster-backups/providers/Microsoft.Storage/storageAccounts/storageforaksbackup001",
            "skip_service_principal_aad_check": null,
            "timeouts": null
          },
          "sensitive_attributes": [],
          "private": "eyJlMmJmYjczMC1lY2FhLTExZTYtOGY4OC0zNDM2M2JjN2M0YzAiOnsiY3JlYXRlIjoxODAwMDAwMDAwMDAwLCJkZWxldGUiOjE4MDAwMDAwMDAwMDAsInJlYWQiOjMwMDAwMDAwMDAwMCwidXBkYXRlIjoxODAwMDAwMDAwMDAwfX0=",
          "dependencies": [
            "azuread_application.app_velero",
            "azuread_service_principal.spn_velero",
            "azurerm_resource_group.aks_backups",
            "azurerm_storage_account.aks_backups"
          ]
        }
      ]
    },
    {
      "mode": "managed",
      "type": "azurerm_role_definition",
      "name": "kubecost",
      "provider": "provider[\"registry.terraform.io/hashicorp/azurerm\"]",
      "instances": [
        {
          "schema_version": 1,
          "attributes": {
            "assignable_scopes": [
              "/subscriptions/17b12858-3960-4e6f-a663-a06fdae23428"
            ],
            "description": "kubecost Rate Card query role",
            "id": "/subscriptions/17b12858-3960-4e6f-a663-a06fdae23428/providers/Microsoft.Authorization/roleDefinitions/d35021d3-c7ad-6f04-b481-b45967fcc538|/subscriptions/17b12858-3960-4e6f-a663-a06fdae23428",
            "name": "rate_card_query_kubecost_aks",
            "permissions": [
              {
                "actions": [
                  "Microsoft.Compute/virtualMachines/vmSizes/read",
                  "Microsoft.Resources/subscriptions/locations/read",
                  "Microsoft.Resources/providers/read",
                  "Microsoft.ContainerService/containerServices/read",
                  "Microsoft.Commerce/RateCard/read"
                ],
                "data_actions": [],
                "not_actions": [],
                "not_data_actions": []
              }
            ],
            "role_definition_id": "d35021d3-c7ad-6f04-b481-b45967fcc538",
            "role_definition_resource_id": "/subscriptions/17b12858-3960-4e6f-a663-a06fdae23428/providers/Microsoft.Authorization/roleDefinitions/d35021d3-c7ad-6f04-b481-b45967fcc538",
            "scope": "/subscriptions/17b12858-3960-4e6f-a663-a06fdae23428",
            "timeouts": null
          },
          "sensitive_attributes": [],
          "private": "eyJlMmJmYjczMC1lY2FhLTExZTYtOGY4OC0zNDM2M2JjN2M0YzAiOnsiY3JlYXRlIjoxODAwMDAwMDAwMDAwLCJkZWxldGUiOjE4MDAwMDAwMDAwMDAsInJlYWQiOjMwMDAwMDAwMDAwMCwidXBkYXRlIjozNjAwMDAwMDAwMDAwfSwic2NoZW1hX3ZlcnNpb24iOiIxIn0=",
          "dependencies": [
            "data.azurerm_subscription.current"
          ]
        }
      ]
    },
    {
      "mode": "managed",
      "type": "azurerm_storage_account",
      "name": "aks_backups",
      "provider": "provider[\"registry.terraform.io/hashicorp/azurerm\"]",
      "instances": [
        {
          "schema_version": 3,
          "attributes": {
            "access_tier": "Hot",
            "account_kind": "StorageV2",
            "account_replication_type": "GRS",
            "account_tier": "Standard",
            "allow_nested_items_to_be_public": true,
            "azure_files_authentication": [],
            "blob_properties": [
              {
                "change_feed_enabled": false,
                "change_feed_retention_in_days": 0,
                "container_delete_retention_policy": [],
                "cors_rule": [],
                "default_service_version": "",
                "delete_retention_policy": [],
                "last_access_time_enabled": false,
                "versioning_enabled": false
              }
            ],
            "cross_tenant_replication_enabled": true,
            "custom_domain": [],
            "customer_managed_key": [],
            "default_to_oauth_authentication": false,
            "edge_zone": "",
            "enable_https_traffic_only": true,
            "id": "/subscriptions/17b12858-3960-4e6f-a663-a06fdae23428/resourceGroups/rg-aks-cluster-backups/providers/Microsoft.Storage/storageAccounts/storageforaksbackup001",
            "identity": [],
            "infrastructure_encryption_enabled": false,
            "is_hns_enabled": false,
            "large_file_share_enabled": null,
            "location": "northeurope",
            "min_tls_version": "TLS1_2",
            "name": "storageforaksbackup001",
            "network_rules": [
              {
                "bypass": [
                  "AzureServices"
                ],
                "default_action": "Allow",
                "ip_rules": [],
                "private_link_access": [],
                "virtual_network_subnet_ids": []
              }
            ],
            "nfsv3_enabled": false,
            "primary_access_key": "PQ/Nfv2UQItZKwMT+aUV28KVwr4JZ2rasmu99PmxG4qowqErctAJpHxONDa7aSlQg7PHm6Nxj442+AStTvRS4g==",
            "primary_blob_connection_string": "DefaultEndpointsProtocol=https;BlobEndpoint=https://storageforaksbackup001.blob.core.windows.net/;AccountName=storageforaksbackup001;AccountKey=PQ/Nfv2UQItZKwMT+aUV28KVwr4JZ2rasmu99PmxG4qowqErctAJpHxONDa7aSlQg7PHm6Nxj442+AStTvRS4g==",
            "primary_blob_endpoint": "https://storageforaksbackup001.blob.core.windows.net/",
            "primary_blob_host": "storageforaksbackup001.blob.core.windows.net",
            "primary_connection_string": "DefaultEndpointsProtocol=https;AccountName=storageforaksbackup001;AccountKey=PQ/Nfv2UQItZKwMT+aUV28KVwr4JZ2rasmu99PmxG4qowqErctAJpHxONDa7aSlQg7PHm6Nxj442+AStTvRS4g==;EndpointSuffix=core.windows.net",
            "primary_dfs_endpoint": "https://storageforaksbackup001.dfs.core.windows.net/",
            "primary_dfs_host": "storageforaksbackup001.dfs.core.windows.net",
            "primary_file_endpoint": "https://storageforaksbackup001.file.core.windows.net/",
            "primary_file_host": "storageforaksbackup001.file.core.windows.net",
            "primary_location": "northeurope",
            "primary_queue_endpoint": "https://storageforaksbackup001.queue.core.windows.net/",
            "primary_queue_host": "storageforaksbackup001.queue.core.windows.net",
            "primary_table_endpoint": "https://storageforaksbackup001.table.core.windows.net/",
            "primary_table_host": "storageforaksbackup001.table.core.windows.net",
            "primary_web_endpoint": "https://storageforaksbackup001.z16.web.core.windows.net/",
            "primary_web_host": "storageforaksbackup001.z16.web.core.windows.net",
            "queue_encryption_key_type": "Service",
            "queue_properties": [
              {
                "cors_rule": [],
                "hour_metrics": [
                  {
                    "enabled": true,
                    "include_apis": true,
                    "retention_policy_days": 7,
                    "version": "1.0"
                  }
                ],
                "logging": [
                  {
                    "delete": false,
                    "read": false,
                    "retention_policy_days": 0,
                    "version": "1.0",
                    "write": false
                  }
                ],
                "minute_metrics": [
                  {
                    "enabled": false,
                    "include_apis": false,
                    "retention_policy_days": 0,
                    "version": "1.0"
                  }
                ]
              }
            ],
            "resource_group_name": "rg-aks-cluster-backups",
            "routing": [],
            "secondary_access_key": "WX785Un+OFN7qvdmyqDrex/WBPCnDaipQ03PV4VJIdd8EIPM/Cn21WC3QhzEAfxQhaz+0c0EF/Hr+AStHHEqPg==",
            "secondary_blob_connection_string": "",
            "secondary_blob_endpoint": null,
            "secondary_blob_host": null,
            "secondary_connection_string": "DefaultEndpointsProtocol=https;AccountName=storageforaksbackup001;AccountKey=WX785Un+OFN7qvdmyqDrex/WBPCnDaipQ03PV4VJIdd8EIPM/Cn21WC3QhzEAfxQhaz+0c0EF/Hr+AStHHEqPg==;EndpointSuffix=core.windows.net",
            "secondary_dfs_endpoint": null,
            "secondary_dfs_host": null,
            "secondary_file_endpoint": null,
            "secondary_file_host": null,
            "secondary_location": "westeurope",
            "secondary_queue_endpoint": null,
            "secondary_queue_host": null,
            "secondary_table_endpoint": null,
            "secondary_table_host": null,
            "secondary_web_endpoint": null,
            "secondary_web_host": null,
            "share_properties": [
              {
                "cors_rule": [],
                "retention_policy": [
                  {
                    "days": 7
                  }
                ],
                "smb": []
              }
            ],
            "shared_access_key_enabled": true,
            "static_website": [],
            "table_encryption_key_type": "Service",
            "tags": {
              "environment": "development",
              "source": "terraform"
            },
            "timeouts": null
          },
          "sensitive_attributes": [],
          "private": "eyJlMmJmYjczMC1lY2FhLTExZTYtOGY4OC0zNDM2M2JjN2M0YzAiOnsiY3JlYXRlIjozNjAwMDAwMDAwMDAwLCJkZWxldGUiOjM2MDAwMDAwMDAwMDAsInJlYWQiOjMwMDAwMDAwMDAwMCwidXBkYXRlIjozNjAwMDAwMDAwMDAwfSwic2NoZW1hX3ZlcnNpb24iOiIzIn0=",
          "dependencies": [
            "azurerm_resource_group.aks_backups"
          ]
        }
      ]
    },
    {
      "mode": "managed",
      "type": "azurerm_storage_container",
      "name": "aks_backups",
      "provider": "provider[\"registry.terraform.io/hashicorp/azurerm\"]",
      "instances": [
        {
          "schema_version": 1,
          "attributes": {
            "container_access_type": "private",
            "has_immutability_policy": false,
            "has_legal_hold": false,
            "id": "https://storageforaksbackup001.blob.core.windows.net/velero",
            "metadata": {},
            "name": "velero",
            "resource_manager_id": "/subscriptions/17b12858-3960-4e6f-a663-a06fdae23428/resourceGroups/rg-aks-cluster-backups/providers/Microsoft.Storage/storageAccounts/storageforaksbackup001/blobServices/default/containers/velero",
            "storage_account_name": "storageforaksbackup001",
            "timeouts": null
          },
          "sensitive_attributes": [],
          "private": "eyJlMmJmYjczMC1lY2FhLTExZTYtOGY4OC0zNDM2M2JjN2M0YzAiOnsiY3JlYXRlIjoxODAwMDAwMDAwMDAwLCJkZWxldGUiOjE4MDAwMDAwMDAwMDAsInJlYWQiOjMwMDAwMDAwMDAwMCwidXBkYXRlIjoxODAwMDAwMDAwMDAwfSwic2NoZW1hX3ZlcnNpb24iOiIxIn0=",
          "dependencies": [
            "azurerm_resource_group.aks_backups",
            "azurerm_storage_account.aks_backups"
          ]
        }
      ]
    },
    {
      "mode": "managed",
      "type": "helm_release",
      "name": "argo_cd",
      "provider": "provider[\"registry.terraform.io/hashicorp/helm\"].aks-module",
      "instances": [
        {
          "schema_version": 0,
          "attributes": {
            "atomic": false,
            "chart": "argo-cd",
            "cleanup_on_fail": false,
            "create_namespace": false,
            "dependency_update": false,
            "description": null,
            "devel": null,
            "disable_crd_hooks": false,
            "disable_openapi_validation": false,
            "disable_webhooks": false,
            "force_update": false,
            "id": "argo",
            "keyring": null,
            "lint": false,
            "manifest": null,
            "max_history": 0,
            "metadata": [
              {
                "app_version": "v2.4.11",
                "chart": "argo-cd",
                "name": "argo",
                "namespace": "gitops",
                "revision": 1,
                "values": "{\"configs\":{\"secret\":{\"argocdServerAdminPassword\":\"$2b$12$DsmD/P54.U4qMhf9dZbAp.dtPQMumJ7b5VCz36nwSR1k2FUpux4Sm\"}}}",
                "version": "5.4.2"
              }
            ],
            "name": "argo",
            "namespace": "gitops",
            "pass_credentials": false,
            "postrender": [],
            "recreate_pods": false,
            "render_subchart_notes": true,
            "replace": false,
            "repository": "https://argoproj.github.io/argo-helm",
            "repository_ca_file": null,
            "repository_cert_file": null,
            "repository_key_file": null,
            "repository_password": null,
            "repository_username": null,
            "reset_values": false,
            "reuse_values": false,
            "set": [
              {
                "name": "configs.secret.argocdServerAdminPassword",
                "type": "",
                "value": "$2b$12$DsmD/P54.U4qMhf9dZbAp.dtPQMumJ7b5VCz36nwSR1k2FUpux4Sm"
              }
            ],
            "set_sensitive": [],
            "skip_crds": false,
            "status": "deployed",
            "timeout": 300,
            "values": null,
            "verify": false,
            "version": "5.4.2",
            "wait": true,
            "wait_for_jobs": false
          },
          "sensitive_attributes": [],
          "private": "bnVsbA==",
          "dependencies": [
            "azuread_application.app_aks_helm",
            "azuread_service_principal.spn_aks_helm",
            "azuread_service_principal_password.password_spn_aks_helm",
            "data.azuread_service_principal.aks_aad_server",
            "data.azurerm_kubernetes_cluster.aks",
            "data.azurerm_subscription.current",
            "kubernetes_namespace.argo_cd"
          ]
        }
      ]
    },
    {
      "mode": "managed",
      "type": "helm_release",
      "name": "harbor",
      "provider": "provider[\"registry.terraform.io/hashicorp/helm\"].aks-module",
      "instances": [
        {
          "schema_version": 0,
          "attributes": {
            "atomic": false,
            "chart": "harbor",
            "cleanup_on_fail": false,
            "create_namespace": false,
            "dependency_update": false,
            "description": null,
            "devel": null,
            "disable_crd_hooks": false,
            "disable_openapi_validation": false,
            "disable_webhooks": false,
            "force_update": false,
            "id": "harbor",
            "keyring": null,
            "lint": false,
            "manifest": null,
            "max_history": 0,
            "metadata": [
              {
                "app_version": "2.6.0",
                "chart": "harbor",
                "name": "harbor",
                "namespace": "harbor",
                "revision": 2,
                "values": "{\"clair\":{\"enabled\":true},\"expose\":{\"ingress\":{\"className\":\"nginx\"},\"tls\":{\"enabled\":false},\"type\":\"ingress\"},\"harborAdminPassword\":\"@Aa123456789\",\"notary\":{\"enabled\":true},\"persistence\":{\"enabled\":true},\"trace\":{\"enabled\":true},\"trivy\":{\"enabled\":true}}",
                "version": "1.10.0"
              }
            ],
            "name": "harbor",
            "namespace": "harbor",
            "pass_credentials": false,
            "postrender": [],
            "recreate_pods": false,
            "render_subchart_notes": true,
            "replace": false,
            "repository": "https://helm.goharbor.io",
            "repository_ca_file": null,
            "repository_cert_file": null,
            "repository_key_file": null,
            "repository_password": null,
            "repository_username": null,
            "reset_values": false,
            "reuse_values": false,
            "set": [
              {
                "name": "clair.enabled",
                "type": null,
                "value": "true"
              },
              {
                "name": "expose.ingress.className",
                "type": null,
                "value": "nginx"
              },
              {
                "name": "expose.tls.enabled",
                "type": null,
                "value": "false"
              },
              {
                "name": "expose.type",
                "type": "",
                "value": "clusterIP"
              },
              {
                "name": "harborAdminPassword",
                "type": null,
                "value": "@Aa123456789"
              },
              {
                "name": "notary.enabled",
                "type": null,
                "value": "true"
              },
              {
                "name": "persistence.enabled",
                "type": null,
                "value": "true"
              },
              {
                "name": "trace.enabled",
                "type": null,
                "value": "true"
              },
              {
                "name": "trivy.enabled",
                "type": null,
                "value": "true"
              }
            ],
            "set_sensitive": [],
            "skip_crds": false,
            "status": "failed",
            "timeout": 300,
            "values": null,
            "verify": false,
            "version": "1.10.0",
            "wait": true,
            "wait_for_jobs": false
          },
          "sensitive_attributes": [],
          "private": "bnVsbA==",
          "dependencies": [
            "azuread_service_principal.spn_aks_helm",
            "azuread_service_principal_password.password_spn_aks_helm",
            "data.azuread_service_principal.aks_aad_server",
            "data.azurerm_kubernetes_cluster.aks",
            "data.azurerm_subscription.current",
            "kubernetes_namespace.harbor"
          ]
        }
      ]
    },
    {
      "mode": "managed",
      "type": "helm_release",
      "name": "kasten",
      "provider": "provider[\"registry.terraform.io/hashicorp/helm\"].aks-module",
      "instances": [
        {
          "schema_version": 0,
          "attributes": {
            "atomic": false,
            "chart": "k10",
            "cleanup_on_fail": false,
            "create_namespace": false,
            "dependency_update": false,
            "description": null,
            "devel": null,
            "disable_crd_hooks": false,
            "disable_openapi_validation": false,
            "disable_webhooks": false,
            "force_update": false,
            "id": "k10",
            "keyring": null,
            "lint": false,
            "manifest": null,
            "max_history": 0,
            "metadata": [
              {
                "app_version": "5.0.7",
                "chart": "k10",
                "name": "k10",
                "namespace": "kasten-io",
                "revision": 1,
                "values": "{\"secrets\":{\"azureClientId\":\"18278c52-42cc-4219-b066-6560c8f6d298\",\"azureClientSecret\":\"bhf8Q~1YKkLyX4CNK6T7Np6QzUPDGwrGkf9CucpH\",\"azureTenantId\":\"558506eb-9459-4ef3-b920-ad55c555e729\"},\"services\":{\"dashboardbff\":{\"hostNetwork\":true}}}",
                "version": "5.0.7"
              }
            ],
            "name": "k10",
            "namespace": "kasten-io",
            "pass_credentials": false,
            "postrender": [],
            "recreate_pods": false,
            "render_subchart_notes": true,
            "replace": false,
            "repository": "https://charts.kasten.io/",
            "repository_ca_file": null,
            "repository_cert_file": null,
            "repository_key_file": null,
            "repository_password": null,
            "repository_username": null,
            "reset_values": false,
            "reuse_values": false,
            "set": [
              {
                "name": "secrets.azureClientId",
                "type": "",
                "value": "18278c52-42cc-4219-b066-6560c8f6d298"
              },
              {
                "name": "secrets.azureClientSecret",
                "type": "",
                "value": "bhf8Q~1YKkLyX4CNK6T7Np6QzUPDGwrGkf9CucpH"
              },
              {
                "name": "secrets.azureTenantId",
                "type": "",
                "value": "558506eb-9459-4ef3-b920-ad55c555e729"
              },
              {
                "name": "services.dashboardbff.hostNetwork",
                "type": "",
                "value": "true"
              }
            ],
            "set_sensitive": [],
            "skip_crds": false,
            "status": "deployed",
            "timeout": 300,
            "values": null,
            "verify": false,
            "version": "5.0.7",
            "wait": true,
            "wait_for_jobs": false
          },
          "sensitive_attributes": [
            [
              {
                "type": "get_attr",
                "value": "set"
              }
            ]
          ],
          "private": "bnVsbA==",
          "dependencies": [
            "azuread_application.app_aks_helm",
            "azuread_application.app_kasten",
            "azuread_service_principal.spn_aks_helm",
            "azuread_service_principal.spn_kasten",
            "azuread_service_principal_password.password_spn_aks_helm",
            "azuread_service_principal_password.password_spn_kasten",
            "data.azuread_service_principal.aks_aad_server",
            "data.azurerm_kubernetes_cluster.aks",
            "data.azurerm_subscription.current",
            "kubernetes_namespace.kasten"
          ]
        }
      ]
    },
    {
      "mode": "managed",
      "type": "helm_release",
      "name": "keda",
      "provider": "provider[\"registry.terraform.io/hashicorp/helm\"].aks-module",
      "instances": [
        {
          "schema_version": 0,
          "attributes": {
            "atomic": false,
            "chart": "keda",
            "cleanup_on_fail": false,
            "create_namespace": false,
            "dependency_update": false,
            "description": null,
            "devel": null,
            "disable_crd_hooks": false,
            "disable_openapi_validation": false,
            "disable_webhooks": false,
            "force_update": false,
            "id": "keda",
            "keyring": null,
            "lint": false,
            "manifest": null,
            "max_history": 0,
            "metadata": [
              {
                "app_version": "2.7.1",
                "chart": "keda",
                "name": "keda",
                "namespace": "keda",
                "revision": 1,
                "values": "null",
                "version": "2.7.2"
              }
            ],
            "name": "keda",
            "namespace": "keda",
            "pass_credentials": false,
            "postrender": [],
            "recreate_pods": false,
            "render_subchart_notes": true,
            "replace": false,
            "repository": "https://kedacore.github.io/charts",
            "repository_ca_file": null,
            "repository_cert_file": null,
            "repository_key_file": null,
            "repository_password": null,
            "repository_username": null,
            "reset_values": false,
            "reuse_values": false,
            "set": [],
            "set_sensitive": [],
            "skip_crds": false,
            "status": "deployed",
            "timeout": 300,
            "values": null,
            "verify": false,
            "version": "2.7.2",
            "wait": true,
            "wait_for_jobs": false
          },
          "sensitive_attributes": [],
          "private": "bnVsbA==",
          "dependencies": [
            "azuread_application.app_aks_helm",
            "azuread_service_principal.spn_aks_helm",
            "azuread_service_principal_password.password_spn_aks_helm",
            "data.azuread_service_principal.aks_aad_server",
            "data.azurerm_kubernetes_cluster.aks",
            "data.azurerm_subscription.current",
            "kubernetes_namespace.keda"
          ]
        }
      ]
    },
    {
      "mode": "managed",
      "type": "helm_release",
      "name": "kubecost",
      "provider": "provider[\"registry.terraform.io/hashicorp/helm\"].aks-module",
      "instances": [
        {
          "schema_version": 0,
          "attributes": {
            "atomic": false,
            "chart": "cost-analyzer",
            "cleanup_on_fail": false,
            "create_namespace": false,
            "dependency_update": false,
            "description": null,
            "devel": null,
            "disable_crd_hooks": false,
            "disable_openapi_validation": false,
            "disable_webhooks": false,
            "force_update": false,
            "id": "kubecost",
            "keyring": null,
            "lint": false,
            "manifest": null,
            "max_history": 0,
            "metadata": [
              {
                "app_version": "1.96.0",
                "chart": "cost-analyzer",
                "name": "kubecost",
                "namespace": "finops",
                "revision": 1,
                "values": "{\"global\":{\"prometheus\":{\"enabled\":true}},\"kubecostProductConfigs\":{\"azureBillingRegion\":\"NL\",\"azureClientID\":\"5ea3f601-804b-4e9a-8a8a-92ea98d3cf19\",\"azureClientPassword\":\"rAw8Q~YDty4K2366dHrm21rA25p0AE9IhJRUEdqj\",\"azureSubscriptionID\":\"17b12858-3960-4e6f-a663-a06fdae23428\",\"azureTenantID\":\"558506eb-9459-4ef3-b920-ad55c555e729\",\"clusterName\":\"aks-cluster\",\"createServiceKeySecret\":true,\"currencyCode\":\"EUR\"},\"kubecostToken\":\"aG91c3NlbS5kZWxsYWlAbGl2ZS5jb20=xm343yadf98\"}",
                "version": "1.96.0"
              }
            ],
            "name": "kubecost",
            "namespace": "finops",
            "pass_credentials": false,
            "postrender": [],
            "recreate_pods": false,
            "render_subchart_notes": true,
            "replace": false,
            "repository": "https://kubecost.github.io/cost-analyzer/",
            "repository_ca_file": null,
            "repository_cert_file": null,
            "repository_key_file": null,
            "repository_password": null,
            "repository_username": null,
            "reset_values": false,
            "reuse_values": false,
            "set": [
              {
                "name": "global.prometheus.enabled",
                "type": "",
                "value": "true"
              },
              {
                "name": "kubecostProductConfigs.azureBillingRegion",
                "type": "",
                "value": "NL"
              },
              {
                "name": "kubecostProductConfigs.azureClientID",
                "type": "",
                "value": "5ea3f601-804b-4e9a-8a8a-92ea98d3cf19"
              },
              {
                "name": "kubecostProductConfigs.azureClientPassword",
                "type": "",
                "value": "rAw8Q~YDty4K2366dHrm21rA25p0AE9IhJRUEdqj"
              },
              {
                "name": "kubecostProductConfigs.azureSubscriptionID",
                "type": "",
                "value": "17b12858-3960-4e6f-a663-a06fdae23428"
              },
              {
                "name": "kubecostProductConfigs.azureTenantID",
                "type": "",
                "value": "558506eb-9459-4ef3-b920-ad55c555e729"
              },
              {
                "name": "kubecostProductConfigs.clusterName",
                "type": "",
                "value": "aks-cluster"
              },
              {
                "name": "kubecostProductConfigs.createServiceKeySecret",
                "type": "",
                "value": "true"
              },
              {
                "name": "kubecostProductConfigs.currencyCode",
                "type": "",
                "value": "EUR"
              },
              {
                "name": "kubecostToken",
                "type": "",
                "value": "aG91c3NlbS5kZWxsYWlAbGl2ZS5jb20=xm343yadf98"
              }
            ],
            "set_sensitive": [],
            "skip_crds": false,
            "status": "deployed",
            "timeout": 300,
            "values": null,
            "verify": false,
            "version": "1.96.0",
            "wait": true,
            "wait_for_jobs": false
          },
          "sensitive_attributes": [
            [
              {
                "type": "get_attr",
                "value": "set"
              }
            ]
          ],
          "private": "bnVsbA==",
          "dependencies": [
            "azuread_application.app_aks_helm",
            "azuread_application.app_kubecost",
            "azuread_service_principal.spn_aks_helm",
            "azuread_service_principal.spn_kubecost",
            "azuread_service_principal_password.password_spn_aks_helm",
            "azuread_service_principal_password.password_spn_kubecost",
            "data.azuread_service_principal.aks_aad_server",
            "data.azurerm_kubernetes_cluster.aks",
            "data.azurerm_subscription.current",
            "kubernetes_namespace.kubecost"
          ]
        }
      ]
    },
    {
      "mode": "managed",
      "type": "helm_release",
      "name": "nginx_ingress",
      "provider": "provider[\"registry.terraform.io/hashicorp/helm\"].aks-module",
      "instances": [
        {
          "schema_version": 0,
          "attributes": {
            "atomic": false,
            "chart": "ingress-nginx",
            "cleanup_on_fail": false,
            "create_namespace": false,
            "dependency_update": false,
            "description": null,
            "devel": null,
            "disable_crd_hooks": false,
            "disable_openapi_validation": false,
            "disable_webhooks": false,
            "force_update": false,
            "id": "ingress-nginx",
            "keyring": null,
            "lint": false,
            "manifest": null,
            "max_history": 0,
            "metadata": [
              {
                "app_version": "1.2.1",
                "chart": "ingress-nginx",
                "name": "ingress-nginx",
                "namespace": "ingress",
                "revision": 1,
                "values": "{\"controller\":{\"autoscaling\":{\"enabled\":true,\"maxReplicas\":10,\"minReplicas\":2},\"service\":{\"internal\":{\"annotations\":{\"service.beta.kubernetes.io/azure-load-balancer-internal\":\"true\"},\"enabled\":true},\"type\":\"LoadBalancer\"}}}",
                "version": "4.1.3"
              }
            ],
            "name": "ingress-nginx",
            "namespace": "ingress",
            "pass_credentials": false,
            "postrender": [],
            "recreate_pods": false,
            "render_subchart_notes": true,
            "replace": false,
            "repository": "https://kubernetes.github.io/ingress-nginx",
            "repository_ca_file": null,
            "repository_cert_file": null,
            "repository_key_file": null,
            "repository_password": null,
            "repository_username": null,
            "reset_values": false,
            "reuse_values": false,
            "set": [
              {
                "name": "controller.autoscaling.enabled",
                "type": "",
                "value": "true"
              },
              {
                "name": "controller.autoscaling.maxReplicas",
                "type": "",
                "value": "10"
              },
              {
                "name": "controller.autoscaling.minReplicas",
                "type": "",
                "value": "2"
              },
              {
                "name": "controller.service.internal.annotations.service\\.beta\\.kubernetes\\.io/azure-load-balancer-internal",
                "type": "string",
                "value": "true"
              },
              {
                "name": "controller.service.internal.enabled",
                "type": "",
                "value": "true"
              },
              {
                "name": "controller.service.type",
                "type": "",
                "value": "LoadBalancer"
              }
            ],
            "set_sensitive": [],
            "skip_crds": false,
            "status": "deployed",
            "timeout": 300,
            "values": null,
            "verify": false,
            "version": "4.1.3",
            "wait": true,
            "wait_for_jobs": false
          },
          "sensitive_attributes": [],
          "private": "bnVsbA==",
          "dependencies": [
            "azuread_application.app_aks_helm",
            "azuread_service_principal.spn_aks_helm",
            "azuread_service_principal_password.password_spn_aks_helm",
            "data.azuread_service_principal.aks_aad_server",
            "data.azurerm_kubernetes_cluster.aks",
            "data.azurerm_subscription.current",
            "kubernetes_namespace.nginx_ingress"
          ]
        }
      ]
    },
    {
      "mode": "managed",
      "type": "helm_release",
      "name": "prometheus_stack",
      "provider": "provider[\"registry.terraform.io/hashicorp/helm\"].aks-module",
      "instances": [
        {
          "schema_version": 0,
          "attributes": {
            "atomic": false,
            "chart": "kube-prometheus-stack",
            "cleanup_on_fail": false,
            "create_namespace": false,
            "dependency_update": false,
            "description": null,
            "devel": null,
            "disable_crd_hooks": false,
            "disable_openapi_validation": false,
            "disable_webhooks": false,
            "force_update": false,
            "id": "prometheus-stack",
            "keyring": null,
            "lint": false,
            "manifest": null,
            "max_history": 0,
            "metadata": [
              {
                "app_version": "0.58.0",
                "chart": "kube-prometheus-stack",
                "name": "prometheus-stack",
                "namespace": "monitoring",
                "revision": 1,
                "values": "{\"grafana\":{\"adminPassword\":\"@Aa123456789\",\"adminUser\":\"grafana\"}}",
                "version": "39.11.0"
              }
            ],
            "name": "prometheus-stack",
            "namespace": "monitoring",
            "pass_credentials": false,
            "postrender": [],
            "recreate_pods": false,
            "render_subchart_notes": true,
            "replace": false,
            "repository": "https://prometheus-community.github.io/helm-charts",
            "repository_ca_file": null,
            "repository_cert_file": null,
            "repository_key_file": null,
            "repository_password": null,
            "repository_username": null,
            "reset_values": false,
            "reuse_values": false,
            "set": [
              {
                "name": "grafana.adminPassword",
                "type": "",
                "value": "@Aa123456789"
              },
              {
                "name": "grafana.adminUser",
                "type": "",
                "value": "grafana"
              }
            ],
            "set_sensitive": [],
            "skip_crds": false,
            "status": "failed",
            "timeout": 180,
            "values": null,
            "verify": false,
            "version": "39.11.0",
            "wait": true,
            "wait_for_jobs": false
          },
          "sensitive_attributes": [],
          "private": "bnVsbA==",
          "dependencies": [
            "azuread_service_principal.spn_aks_helm",
            "azuread_service_principal_password.password_spn_aks_helm",
            "data.azuread_service_principal.aks_aad_server",
            "data.azurerm_kubernetes_cluster.aks",
            "data.azurerm_subscription.current",
            "kubernetes_namespace.prometheus_stack"
          ]
        }
      ]
    },
    {
      "mode": "managed",
      "type": "kubernetes_namespace",
      "name": "argo_cd",
      "provider": "provider[\"registry.terraform.io/hashicorp/kubernetes\"].aks-module",
      "instances": [
        {
          "schema_version": 0,
          "attributes": {
            "id": "gitops",
            "metadata": [
              {
                "annotations": {},
                "generate_name": "",
                "generation": 0,
                "labels": {},
                "name": "gitops",
                "resource_version": "15809",
                "uid": "ece02dc4-0578-41fd-b0fb-5233f33dd8f4"
              }
            ],
            "timeouts": null
          },
          "sensitive_attributes": [],
          "private": "eyJlMmJmYjczMC1lY2FhLTExZTYtOGY4OC0zNDM2M2JjN2M0YzAiOnsiZGVsZXRlIjozMDAwMDAwMDAwMDB9fQ==",
          "dependencies": [
            "azuread_application.app_aks_helm",
            "azuread_service_principal.spn_aks_helm",
            "azuread_service_principal_password.password_spn_aks_helm",
            "data.azuread_service_principal.aks_aad_server",
            "data.azurerm_kubernetes_cluster.aks",
            "data.azurerm_subscription.current"
          ]
        }
      ]
    },
    {
      "mode": "managed",
      "type": "kubernetes_namespace",
      "name": "harbor",
      "provider": "provider[\"registry.terraform.io/hashicorp/kubernetes\"].aks-module",
      "instances": [
        {
          "schema_version": 0,
          "attributes": {
            "id": "harbor",
            "metadata": [
              {
                "annotations": {},
                "generate_name": "",
                "generation": 0,
                "labels": {},
                "name": "harbor",
                "resource_version": "20144",
                "uid": "3aff9c96-f27d-4e9f-9927-c836c4a5d87a"
              }
            ],
            "timeouts": null
          },
          "sensitive_attributes": [],
          "private": "eyJlMmJmYjczMC1lY2FhLTExZTYtOGY4OC0zNDM2M2JjN2M0YzAiOnsiZGVsZXRlIjozMDAwMDAwMDAwMDB9fQ==",
          "dependencies": [
            "azuread_application.app_aks_helm",
            "azuread_service_principal.spn_aks_helm",
            "azuread_service_principal_password.password_spn_aks_helm",
            "data.azuread_service_principal.aks_aad_server",
            "data.azurerm_kubernetes_cluster.aks",
            "data.azurerm_subscription.current"
          ]
        }
      ]
    },
    {
      "mode": "managed",
      "type": "kubernetes_namespace",
      "name": "kasten",
      "provider": "provider[\"registry.terraform.io/hashicorp/kubernetes\"].aks-module",
      "instances": [
        {
          "schema_version": 0,
          "attributes": {
            "id": "kasten-io",
            "metadata": [
              {
                "annotations": {},
                "generate_name": "",
                "generation": 0,
                "labels": {},
                "name": "kasten-io",
                "resource_version": "15812",
                "uid": "a915611d-02a7-4bbe-91c9-8e426ea5d456"
              }
            ],
            "timeouts": null
          },
          "sensitive_attributes": [],
          "private": "eyJlMmJmYjczMC1lY2FhLTExZTYtOGY4OC0zNDM2M2JjN2M0YzAiOnsiZGVsZXRlIjozMDAwMDAwMDAwMDB9fQ==",
          "dependencies": [
            "azuread_application.app_aks_helm",
            "azuread_service_principal.spn_aks_helm",
            "azuread_service_principal_password.password_spn_aks_helm",
            "data.azuread_service_principal.aks_aad_server",
            "data.azurerm_kubernetes_cluster.aks",
            "data.azurerm_subscription.current"
          ]
        }
      ]
    },
    {
      "mode": "managed",
      "type": "kubernetes_namespace",
      "name": "keda",
      "provider": "provider[\"registry.terraform.io/hashicorp/kubernetes\"].aks-module",
      "instances": [
        {
          "schema_version": 0,
          "attributes": {
            "id": "keda",
            "metadata": [
              {
                "annotations": {},
                "generate_name": "",
                "generation": 0,
                "labels": {},
                "name": "keda",
                "resource_version": "15810",
                "uid": "2a846ef5-89be-4910-aaf3-b75c11d2cded"
              }
            ],
            "timeouts": null
          },
          "sensitive_attributes": [],
          "private": "eyJlMmJmYjczMC1lY2FhLTExZTYtOGY4OC0zNDM2M2JjN2M0YzAiOnsiZGVsZXRlIjozMDAwMDAwMDAwMDB9fQ==",
          "dependencies": [
            "azuread_application.app_aks_helm",
            "azuread_service_principal.spn_aks_helm",
            "azuread_service_principal_password.password_spn_aks_helm",
            "data.azuread_service_principal.aks_aad_server",
            "data.azurerm_kubernetes_cluster.aks",
            "data.azurerm_subscription.current"
          ]
        }
      ]
    },
    {
      "mode": "managed",
      "type": "kubernetes_namespace",
      "name": "kubecost",
      "provider": "provider[\"registry.terraform.io/hashicorp/kubernetes\"].aks-module",
      "instances": [
        {
          "schema_version": 0,
          "attributes": {
            "id": "finops",
            "metadata": [
              {
                "annotations": {},
                "generate_name": "",
                "generation": 0,
                "labels": {},
                "name": "finops",
                "resource_version": "15811",
                "uid": "f90841c0-7b87-40fc-8095-7e1655bf10ba"
              }
            ],
            "timeouts": null
          },
          "sensitive_attributes": [],
          "private": "eyJlMmJmYjczMC1lY2FhLTExZTYtOGY4OC0zNDM2M2JjN2M0YzAiOnsiZGVsZXRlIjozMDAwMDAwMDAwMDB9fQ==",
          "dependencies": [
            "azuread_application.app_aks_helm",
            "azuread_service_principal.spn_aks_helm",
            "azuread_service_principal_password.password_spn_aks_helm",
            "data.azuread_service_principal.aks_aad_server",
            "data.azurerm_kubernetes_cluster.aks",
            "data.azurerm_subscription.current"
          ]
        }
      ]
    },
    {
      "mode": "managed",
      "type": "kubernetes_namespace",
      "name": "nginx_ingress",
      "provider": "provider[\"registry.terraform.io/hashicorp/kubernetes\"].aks-module",
      "instances": [
        {
          "schema_version": 0,
          "attributes": {
            "id": "ingress",
            "metadata": [
              {
                "annotations": {},
                "generate_name": "",
                "generation": 0,
                "labels": {},
                "name": "ingress",
                "resource_version": "20143",
                "uid": "9ab54a1e-baef-4c93-a6c7-7c3fcb96165a"
              }
            ],
            "timeouts": null
          },
          "sensitive_attributes": [],
          "private": "eyJlMmJmYjczMC1lY2FhLTExZTYtOGY4OC0zNDM2M2JjN2M0YzAiOnsiZGVsZXRlIjozMDAwMDAwMDAwMDB9fQ==",
          "dependencies": [
            "azuread_application.app_aks_helm",
            "azuread_service_principal.spn_aks_helm",
            "azuread_service_principal_password.password_spn_aks_helm",
            "data.azuread_service_principal.aks_aad_server",
            "data.azurerm_kubernetes_cluster.aks",
            "data.azurerm_subscription.current"
          ]
        }
      ]
    },
    {
      "mode": "managed",
      "type": "kubernetes_namespace",
      "name": "prometheus_stack",
      "provider": "provider[\"registry.terraform.io/hashicorp/kubernetes\"].aks-module",
      "instances": [
        {
          "schema_version": 0,
          "attributes": {
            "id": "monitoring",
            "metadata": [
              {
                "annotations": {},
                "generate_name": "",
                "generation": 0,
                "labels": {},
                "name": "monitoring",
                "resource_version": "15813",
                "uid": "e720a041-7cf4-45c0-abf4-acbe27334ed7"
              }
            ],
            "timeouts": null
          },
          "sensitive_attributes": [],
          "private": "eyJlMmJmYjczMC1lY2FhLTExZTYtOGY4OC0zNDM2M2JjN2M0YzAiOnsiZGVsZXRlIjozMDAwMDAwMDAwMDB9fQ==",
          "dependencies": [
            "azuread_application.app_aks_helm",
            "azuread_service_principal.spn_aks_helm",
            "azuread_service_principal_password.password_spn_aks_helm",
            "data.azuread_service_principal.aks_aad_server",
            "data.azurerm_kubernetes_cluster.aks",
            "data.azurerm_subscription.current"
          ]
        }
      ]
    }
  ]
}
