{
  "version": 4,
  "terraform_version": "1.2.8",
  "serial": 393,
  "lineage": "3e9a3c90-431c-0216-c2c7-c35f9cfef51b",
  "outputs": {},
  "resources": [
    {
      "mode": "data",
      "type": "azuread_service_principal",
      "name": "aks_aad_server",
      "provider": "provider[\"registry.terraform.io/hashicorp/azuread\"]",
      "instances": [
        {
          "schema_version": 0,
          "attributes": {
            "account_enabled": true,
            "alternative_names": [],
            "app_role_assignment_required": false,
            "app_role_ids": {},
            "app_roles": [],
            "application_id": "6dae42f8-4368-4678-94ff-3960e28e3630",
            "application_tenant_id": "f8cdef31-a31e-4b4a-93e4-5f571e91255a",
            "description": "",
            "display_name": "Azure Kubernetes Service AAD Server",
            "feature_tags": [
              {
                "custom_single_sign_on": false,
                "enterprise": false,
                "gallery": false,
                "hide": false
              }
            ],
            "features": [
              {
                "custom_single_sign_on_app": false,
                "enterprise_application": false,
                "gallery_application": false,
                "visible_to_users": true
              }
            ],
            "homepage_url": "",
            "id": "5dc776ad-9525-4afd-ad24-334e21ad710e",
            "login_url": "",
            "logout_url": "",
            "notes": "",
            "notification_email_addresses": [],
            "oauth2_permission_scope_ids": {
              "user.read": "34a47c2f-cd0d-47b4-a93c-2c41130c671c"
            },
            "oauth2_permission_scopes": [
              {
                "admin_consent_description": "this allows to read user profile",
                "admin_consent_display_name": "user.read",
                "enabled": true,
                "id": "34a47c2f-cd0d-47b4-a93c-2c41130c671c",
                "type": "User",
                "user_consent_description": "this allows to read user profile",
                "user_consent_display_name": "user.read",
                "value": "user.read"
              }
            ],
            "object_id": "5dc776ad-9525-4afd-ad24-334e21ad710e",
            "preferred_single_sign_on_mode": "",
            "redirect_uris": [],
            "saml_metadata_url": "",
            "saml_single_sign_on": [],
            "service_principal_names": [
              "https://aks-aad-server.azure.com"
            ],
            "sign_in_audience": "AzureADMultipleOrgs",
            "tags": [],
            "timeouts": null,
            "type": "Application"
          },
          "sensitive_attributes": []
        }
      ]
    },
    {
      "mode": "data",
      "type": "azurerm_kubernetes_cluster",
      "name": "aks",
      "provider": "provider[\"registry.terraform.io/hashicorp/azurerm\"]",
      "instances": [
        {
          "schema_version": 0,
          "attributes": {
            "aci_connector_linux": [],
            "agent_pool_profile": [
              {
                "count": 7,
                "enable_auto_scaling": true,
                "enable_node_public_ip": false,
                "max_count": 10,
                "max_pods": 110,
                "min_count": 1,
                "name": "poolapps",
                "node_labels": {},
                "node_public_ip_prefix_id": "",
                "node_taints": [],
                "orchestrator_version": "1.24.3",
                "os_disk_size_gb": 60,
                "os_type": "Linux",
                "tags": {
                  "environment": "development",
                  "source": "terraform"
                },
                "type": "VirtualMachineScaleSets",
                "upgrade_settings": [
                  {
                    "max_surge": "3"
                  }
                ],
                "vm_size": "Standard_D2ds_v5",
                "vnet_subnet_id": "/subscriptions/17b12858-3960-4e6f-a663-a06fdae23428/resourceGroups/rg-aks-cluster/providers/Microsoft.Network/virtualNetworks/vnet-spoke-aks/subnets/subnet-aks-nodes",
                "zones": [
                  "2",
                  "3",
                  "1"
                ]
              },
              {
                "count": 3,
                "enable_auto_scaling": true,
                "enable_node_public_ip": false,
                "max_count": 5,
                "max_pods": 110,
                "min_count": 1,
                "name": "poolsystem",
                "node_labels": {},
                "node_public_ip_prefix_id": "",
                "node_taints": [
                  "CriticalAddonsOnly=true:NoSchedule"
                ],
                "orchestrator_version": "1.24.3",
                "os_disk_size_gb": 40,
                "os_type": "Linux",
                "tags": {
                  "environment": "development",
                  "source": "terraform"
                },
                "type": "VirtualMachineScaleSets",
                "upgrade_settings": [],
                "vm_size": "Standard_D2ds_v5",
                "vnet_subnet_id": "/subscriptions/17b12858-3960-4e6f-a663-a06fdae23428/resourceGroups/rg-aks-cluster/providers/Microsoft.Network/virtualNetworks/vnet-spoke-aks/subnets/subnet-aks-nodes",
                "zones": [
                  "2",
                  "3",
                  "1"
                ]
              }
            ],
            "api_server_authorized_ip_ranges": [],
            "azure_active_directory_role_based_access_control": [
              {
                "admin_group_object_ids": [
                  "604a7d9b-77d1-497d-b102-827b27bd2af6"
                ],
                "azure_rbac_enabled": true,
                "client_app_id": "",
                "managed": true,
                "server_app_id": "",
                "tenant_id": "558506eb-9459-4ef3-b920-ad55c555e729"
              }
            ],
            "azure_policy_enabled": true,
            "disk_encryption_set_id": "",
            "dns_prefix": "aks",
            "fqdn": "aks-c4c3c781.hcp.westeurope.azmk8s.io",
            "http_application_routing_enabled": false,
            "http_application_routing_zone_name": "",
            "id": "/subscriptions/17b12858-3960-4e6f-a663-a06fdae23428/resourceGroups/rg-aks-cluster/providers/Microsoft.ContainerService/managedClusters/aks-cluster",
            "identity": [
              {
                "identity_ids": [
                  "/subscriptions/17b12858-3960-4e6f-a663-a06fdae23428/resourceGroups/rg-aks-cluster/providers/Microsoft.ManagedIdentity/userAssignedIdentities/identity-aks"
                ],
                "principal_id": "",
                "tenant_id": "",
                "type": "UserAssigned"
              }
            ],
            "ingress_application_gateway": [],
            "key_vault_secrets_provider": [
              {
                "secret_identity": [
                  {
                    "client_id": "69cc3056-cebc-4ddc-96ec-15d5873fc3fc",
                    "object_id": "33cca11a-1087-42d0-b5a1-7d80c1d53b9f",
                    "user_assigned_identity_id": "/subscriptions/17b12858-3960-4e6f-a663-a06fdae23428/resourcegroups/rg-aks-cluster-managed/providers/Microsoft.ManagedIdentity/userAssignedIdentities/azurekeyvaultsecretsprovider-aks-cluster"
                  }
                ],
                "secret_rotation_enabled": true,
                "secret_rotation_interval": "2m"
              }
            ],
            "kube_admin_config": [],
            "kube_admin_config_raw": "",
            "kube_config": [
              {
                "client_certificate": "",
                "client_key": "",
                "cluster_ca_certificate": "LS0tLS1CRUdJTiBDRVJUSUZJQ0FURS0tLS0tCk1JSUU2RENDQXRDZ0F3SUJBZ0lRV1FiTUJ4RDdXYzVEMG1URzZBNGh3REFOQmdrcWhraUc5dzBCQVFzRkFEQU4KTVFzd0NRWURWUVFERXdKallUQWdGdzB5TWpBNU1Ea3hNREUzTlRoYUdBOHlNRFV5TURrd09URXdNamMxT0ZvdwpEVEVMTUFrR0ExVUVBeE1DWTJFd2dnSWlNQTBHQ1NxR1NJYjNEUUVCQVFVQUE0SUNEd0F3Z2dJS0FvSUNBUURBCkdJek1aWTVMdTRyT0dYTEd4bWVzMnVhQlQwUFFYdVk1R0NYc0hYNEtQd0U2UDFJMXVpUDRyZU5nNzUycS8wOGgKYlpNaFpVa29jRmVlVlEvQnRQZTVhMnJWODBHa056eHZWSGVoeDkvckJsaTFLRmc5VEUreUR0eWlBU05MaUlDOApkbFpmOTZnNnRYbnFSWEZSWmdtR21hV0tWaStmSUlTeTRGZEtzZ2x1M0dlQzFZL1hETDJ2ZWxGNEFPM1hYWitpCitoVHVtaGMyRit6Smd4eDQ4ekpwOVQrQjlQQnp1dytBUDVLRklibHFMTmZrcUVsTTdYN2VwWlpMK1p6RWl0clcKQUZrYzRmT2xrYm1DTjlyQ1QzUmkraGtvOVlRcXc5SDZPYVdzbFM0QTg4WExtMUo0VVQ5NEVZNjNwa29oMndDRgpDYUY0SW5jbmJiL21BVkJsOWRwaDJVRWY1OCtpeVkvMTNNRzZicGtDY1ROcksyNUFjOFNwMmJZc1hGY1RXM3h6CkxrODMwSXA3cVAxYkY1dURMK29TU3lFYVBDUWZzbHkvNExBWTBDYnZiOU1hUmtGdnpBdHpaQTJ5ZlZpU1h2QXAKODRiVFVYTGhOSHhtS3J1VEd3ejlCZXdHV2I1N1BzUGp6K3RZVW9LTC9zMjlhZGQ3V0NKWFVpczNUdlVGY0VZbQpZVk1jU0ZHT1F1YXpYbEJ6aG9zdVZ4aEx4T2t5UXhZTXVQVWRobmQrV2djSm9FZVRzODBsNmZwSWlKRG5td3FjCkdKT05mT2RCV1hvWlgzSS9wN1VIVC8zU0hTMlpkRjVoL29MamlOS2U0V0VYeFhOSVRzUVFNTXlpdHlCL2xFTkMKREdHMGlPc3I3bUdxSzM0TkhLWjdrbU9qSjR6emlDeXduY2JLL1pVY1VRSURBUUFCbzBJd1FEQU9CZ05WSFE4QgpBZjhFQkFNQ0FxUXdEd1lEVlIwVEFRSC9CQVV3QXdFQi96QWRCZ05WSFE0RUZnUVVqeVFiWWIyc3hMSWVKb0lvCkFvMjUwWUVJWHNVd0RRWUpLb1pJaHZjTkFRRUxCUUFEZ2dJQkFINS9GTEx0cUxESmRnNDhiRU1XaFh5RHFOZisKVWtCMVBNcWhRZGtkeFJvcVpKZkhudDNHWldLZVZxc2hYY1lsaFVUTFBTYnRRdnE0R291QVBTYmE0a0hrRFpGMQpuSUYxWTVRT25vZno2N0ZZUitPemNPV1o4QlptWmdGZE41cmovSjkzWGVPZU1sOXhPSHZqNHIyNUpvUHJUaVlUCk85QzFHb0d4UCtLQnFtYnFSeklKS1huUjhWQ284U2pOSlpvSjRXbUNDU2ovWENkUEVyTVZTT2JGVnpBTVhEQVQKMStka1RsNHhaWTdidGxLbjdWaXc3UkJWaTVaM1lNQWJoSmNJSk0vSlB6OUVlK3dSaThaRkZiVUVCNkdnblNiVwpzQ2VhV1k2SGI2L3BCSkdncmlmS0dlVUtkUEZoMVIzQ1p4WGpuUmhHeitSZ3U2aEVnZi92akdxZG1mRzcvRGNtCld3dVhJcmtvWmZTTVpaYTBGUmo0TGdsV0Ria3JxWk85UllCdjh5Q1d5WVoyL1JGVmVab2cwRitXRVRIM1RsTVEKRk8vcGUwUnE5NGJsVTZMZ1J3Sk53ZUdiclRYUklIbHVXMWY1T0k4R3NsRXdSTzY3ZXFXTitZbzVMOS92WUp5QgpSY0x5KysvK2ZFWWVHRWNKdEd5dHJUdjE5U2pTa25FRW1nSkEwWk1aUFUxcFFSWnQzTGFidTNqcDg3TEJpZEtuCkErK05peExxV2hvNWRhVlI5WS9UTnhwSUkrSThlSVFNVHF2c0dPdGh4cVRwMXR0M21oNXNIN3NDQUZ3bFlEb3AKeUx0S1p3c2NDNWxabnRJWmwvSjQ1U201Q1B6OXBLQzJTLzBrcUJEVG1CYXhVR2F1QW56VXZPZjQxYXhNV0lwRwpneHpWWFE3ZDAvVW9TRTh6Ci0tLS0tRU5EIENFUlRJRklDQVRFLS0tLS0K",
                "host": "https://aks-c4c3c781.hcp.westeurope.azmk8s.io:443",
                "password": "",
                "username": "clusterUser_rg-aks-cluster_aks-cluster"
              }
            ],
            "kube_config_raw": "apiVersion: v1\nclusters:\n- cluster:\n    certificate-authority-data: LS0tLS1CRUdJTiBDRVJUSUZJQ0FURS0tLS0tCk1JSUU2RENDQXRDZ0F3SUJBZ0lRV1FiTUJ4RDdXYzVEMG1URzZBNGh3REFOQmdrcWhraUc5dzBCQVFzRkFEQU4KTVFzd0NRWURWUVFERXdKallUQWdGdzB5TWpBNU1Ea3hNREUzTlRoYUdBOHlNRFV5TURrd09URXdNamMxT0ZvdwpEVEVMTUFrR0ExVUVBeE1DWTJFd2dnSWlNQTBHQ1NxR1NJYjNEUUVCQVFVQUE0SUNEd0F3Z2dJS0FvSUNBUURBCkdJek1aWTVMdTRyT0dYTEd4bWVzMnVhQlQwUFFYdVk1R0NYc0hYNEtQd0U2UDFJMXVpUDRyZU5nNzUycS8wOGgKYlpNaFpVa29jRmVlVlEvQnRQZTVhMnJWODBHa056eHZWSGVoeDkvckJsaTFLRmc5VEUreUR0eWlBU05MaUlDOApkbFpmOTZnNnRYbnFSWEZSWmdtR21hV0tWaStmSUlTeTRGZEtzZ2x1M0dlQzFZL1hETDJ2ZWxGNEFPM1hYWitpCitoVHVtaGMyRit6Smd4eDQ4ekpwOVQrQjlQQnp1dytBUDVLRklibHFMTmZrcUVsTTdYN2VwWlpMK1p6RWl0clcKQUZrYzRmT2xrYm1DTjlyQ1QzUmkraGtvOVlRcXc5SDZPYVdzbFM0QTg4WExtMUo0VVQ5NEVZNjNwa29oMndDRgpDYUY0SW5jbmJiL21BVkJsOWRwaDJVRWY1OCtpeVkvMTNNRzZicGtDY1ROcksyNUFjOFNwMmJZc1hGY1RXM3h6CkxrODMwSXA3cVAxYkY1dURMK29TU3lFYVBDUWZzbHkvNExBWTBDYnZiOU1hUmtGdnpBdHpaQTJ5ZlZpU1h2QXAKODRiVFVYTGhOSHhtS3J1VEd3ejlCZXdHV2I1N1BzUGp6K3RZVW9LTC9zMjlhZGQ3V0NKWFVpczNUdlVGY0VZbQpZVk1jU0ZHT1F1YXpYbEJ6aG9zdVZ4aEx4T2t5UXhZTXVQVWRobmQrV2djSm9FZVRzODBsNmZwSWlKRG5td3FjCkdKT05mT2RCV1hvWlgzSS9wN1VIVC8zU0hTMlpkRjVoL29MamlOS2U0V0VYeFhOSVRzUVFNTXlpdHlCL2xFTkMKREdHMGlPc3I3bUdxSzM0TkhLWjdrbU9qSjR6emlDeXduY2JLL1pVY1VRSURBUUFCbzBJd1FEQU9CZ05WSFE4QgpBZjhFQkFNQ0FxUXdEd1lEVlIwVEFRSC9CQVV3QXdFQi96QWRCZ05WSFE0RUZnUVVqeVFiWWIyc3hMSWVKb0lvCkFvMjUwWUVJWHNVd0RRWUpLb1pJaHZjTkFRRUxCUUFEZ2dJQkFINS9GTEx0cUxESmRnNDhiRU1XaFh5RHFOZisKVWtCMVBNcWhRZGtkeFJvcVpKZkhudDNHWldLZVZxc2hYY1lsaFVUTFBTYnRRdnE0R291QVBTYmE0a0hrRFpGMQpuSUYxWTVRT25vZno2N0ZZUitPemNPV1o4QlptWmdGZE41cmovSjkzWGVPZU1sOXhPSHZqNHIyNUpvUHJUaVlUCk85QzFHb0d4UCtLQnFtYnFSeklKS1huUjhWQ284U2pOSlpvSjRXbUNDU2ovWENkUEVyTVZTT2JGVnpBTVhEQVQKMStka1RsNHhaWTdidGxLbjdWaXc3UkJWaTVaM1lNQWJoSmNJSk0vSlB6OUVlK3dSaThaRkZiVUVCNkdnblNiVwpzQ2VhV1k2SGI2L3BCSkdncmlmS0dlVUtkUEZoMVIzQ1p4WGpuUmhHeitSZ3U2aEVnZi92akdxZG1mRzcvRGNtCld3dVhJcmtvWmZTTVpaYTBGUmo0TGdsV0Ria3JxWk85UllCdjh5Q1d5WVoyL1JGVmVab2cwRitXRVRIM1RsTVEKRk8vcGUwUnE5NGJsVTZMZ1J3Sk53ZUdiclRYUklIbHVXMWY1T0k4R3NsRXdSTzY3ZXFXTitZbzVMOS92WUp5QgpSY0x5KysvK2ZFWWVHRWNKdEd5dHJUdjE5U2pTa25FRW1nSkEwWk1aUFUxcFFSWnQzTGFidTNqcDg3TEJpZEtuCkErK05peExxV2hvNWRhVlI5WS9UTnhwSUkrSThlSVFNVHF2c0dPdGh4cVRwMXR0M21oNXNIN3NDQUZ3bFlEb3AKeUx0S1p3c2NDNWxabnRJWmwvSjQ1U201Q1B6OXBLQzJTLzBrcUJEVG1CYXhVR2F1QW56VXZPZjQxYXhNV0lwRwpneHpWWFE3ZDAvVW9TRTh6Ci0tLS0tRU5EIENFUlRJRklDQVRFLS0tLS0K\n    server: https://aks-c4c3c781.hcp.westeurope.azmk8s.io:443\n  name: aks-cluster\ncontexts:\n- context:\n    cluster: aks-cluster\n    user: clusterUser_rg-aks-cluster_aks-cluster\n  name: aks-cluster\ncurrent-context: aks-cluster\nkind: Config\npreferences: {}\nusers:\n- name: clusterUser_rg-aks-cluster_aks-cluster\n  user:\n    exec:\n      apiVersion: client.authentication.k8s.io/v1beta1\n      args:\n      - get-token\n      - --environment\n      - AzurePublicCloud\n      - --server-id\n      - 6dae42f8-4368-4678-94ff-3960e28e3630\n      - --client-id\n      - 80faf920-1908-4b52-b5ef-a8e7bedfc67a\n      - --tenant-id\n      - 558506eb-9459-4ef3-b920-ad55c555e729\n      - --login\n      - devicecode\n      command: kubelogin\n      env: null\n      provideClusterInfo: false\n",
            "kubelet_identity": [
              {
                "client_id": "4bb200fb-d8fd-4dda-aba4-bbd8c3df94a4",
                "object_id": "362240fa-977c-4f01-9f84-58a5afcaba05",
                "user_assigned_identity_id": "/subscriptions/17b12858-3960-4e6f-a663-a06fdae23428/resourceGroups/rg-aks-cluster/providers/Microsoft.ManagedIdentity/userAssignedIdentities/aks-cluster-agentpool"
              }
            ],
            "kubernetes_version": "1.24.3",
            "linux_profile": [
              {
                "admin_username": "",
                "ssh_key": []
              }
            ],
            "location": "westeurope",
            "microsoft_defender": [],
            "name": "aks-cluster",
            "network_profile": [
              {
                "dns_service_ip": "10.0.0.10",
                "docker_bridge_cidr": "172.17.0.1/16",
                "load_balancer_sku": "Standard",
                "network_plugin": "azure",
                "network_policy": "calico",
                "pod_cidr": "",
                "service_cidr": "10.0.0.0/16"
              }
            ],
            "node_resource_group": "rg-aks-cluster-managed",
            "oidc_issuer_enabled": true,
            "oidc_issuer_url": "https://oidc.prod-aks.azure.com/47624fb9-afb8-4e22-bb3b-27b15410448e/",
            "oms_agent": [
              {
                "log_analytics_workspace_id": "/subscriptions/17b12858-3960-4e6f-a663-a06fdae23428/resourceGroups/rg-aks-cluster/providers/Microsoft.OperationalInsights/workspaces/loganalyticsakscluster",
                "oms_agent_identity": [
                  {
                    "client_id": "79a6a78f-04d2-4558-8081-b16a50b127ec",
                    "object_id": "2cafa77d-e297-4481-ae5c-2a4a3d445775",
                    "user_assigned_identity_id": "/subscriptions/17b12858-3960-4e6f-a663-a06fdae23428/resourcegroups/rg-aks-cluster-managed/providers/Microsoft.ManagedIdentity/userAssignedIdentities/omsagent-aks-cluster"
                  }
                ]
              }
            ],
            "open_service_mesh_enabled": true,
            "private_cluster_enabled": false,
            "private_fqdn": "",
            "resource_group_name": "rg-aks-cluster",
            "role_based_access_control_enabled": true,
            "service_principal": [
              {
                "client_id": "msi"
              }
            ],
            "tags": {
              "environment": "development",
              "source": "terraform"
            },
            "timeouts": null,
            "windows_profile": [
              {
                "admin_username": "azureuser"
              }
            ]
          },
          "sensitive_attributes": []
        }
      ]
    },
    {
      "mode": "data",
      "type": "azurerm_subscription",
      "name": "current",
      "provider": "provider[\"registry.terraform.io/hashicorp/azurerm\"]",
      "instances": [
        {
          "schema_version": 0,
          "attributes": {
            "display_name": "Microsoft-Azure-0",
            "id": "/subscriptions/17b12858-3960-4e6f-a663-a06fdae23428",
            "location_placement_id": "Public_2014-09-01",
            "quota_id": "MSDN_2014-09-01",
            "spending_limit": "On",
            "state": "Enabled",
            "subscription_id": "17b12858-3960-4e6f-a663-a06fdae23428",
            "tags": {},
            "tenant_id": "558506eb-9459-4ef3-b920-ad55c555e729",
            "timeouts": null
          },
          "sensitive_attributes": []
        }
      ]
    },
    {
      "mode": "managed",
      "type": "azuread_application",
      "name": "app_aks_helm",
      "provider": "provider[\"registry.terraform.io/hashicorp/azuread\"]",
      "instances": [
        {
          "schema_version": 1,
          "attributes": {
            "api": [
              {
                "known_client_applications": [],
                "mapped_claims_enabled": false,
                "oauth2_permission_scope": [],
                "requested_access_token_version": 1
              }
            ],
            "app_role": [],
            "app_role_ids": {},
            "application_id": "5052e07a-0e3e-4c51-bbab-5af9c01d6f32",
            "device_only_auth_enabled": false,
            "disabled_by_microsoft": "\u003cnil\u003e",
            "display_name": "spn_aks_helm",
            "fallback_public_client_enabled": false,
            "feature_tags": [
              {
                "custom_single_sign_on": false,
                "enterprise": false,
                "gallery": false,
                "hide": false
              }
            ],
            "group_membership_claims": [],
            "id": "200b712b-df1f-4f03-b148-2c3191024354",
            "identifier_uris": [],
            "logo_image": "",
            "logo_url": "",
            "marketing_url": "",
            "oauth2_permission_scope_ids": {},
            "oauth2_post_response_required": false,
            "object_id": "200b712b-df1f-4f03-b148-2c3191024354",
            "optional_claims": [
              {
                "access_token": [],
                "id_token": [],
                "saml2_token": []
              }
            ],
            "owners": [],
            "prevent_duplicate_names": false,
            "privacy_statement_url": "",
            "public_client": [
              {
                "redirect_uris": []
              }
            ],
            "publisher_domain": "houssemdellai.onmicrosoft.com",
            "required_resource_access": [],
            "sign_in_audience": "AzureADMyOrg",
            "single_page_application": [
              {
                "redirect_uris": []
              }
            ],
            "support_url": "",
            "tags": [],
            "template_id": "",
            "terms_of_service_url": "",
            "timeouts": null,
            "web": [
              {
                "homepage_url": "",
                "implicit_grant": [
                  {
                    "access_token_issuance_enabled": false,
                    "id_token_issuance_enabled": false
                  }
                ],
                "logout_url": "",
                "redirect_uris": []
              }
            ]
          },
          "sensitive_attributes": [],
          "private": "eyJlMmJmYjczMC1lY2FhLTExZTYtOGY4OC0zNDM2M2JjN2M0YzAiOnsiY3JlYXRlIjo2MDAwMDAwMDAwMDAsImRlbGV0ZSI6MzAwMDAwMDAwMDAwLCJyZWFkIjozMDAwMDAwMDAwMDAsInVwZGF0ZSI6NjAwMDAwMDAwMDAwfSwic2NoZW1hX3ZlcnNpb24iOiIxIn0="
        }
      ]
    },
    {
      "mode": "managed",
      "type": "azuread_application",
      "name": "app_kasten",
      "provider": "provider[\"registry.terraform.io/hashicorp/azuread\"]",
      "instances": [
        {
          "schema_version": 1,
          "attributes": {
            "api": [
              {
                "known_client_applications": [],
                "mapped_claims_enabled": false,
                "oauth2_permission_scope": [],
                "requested_access_token_version": 1
              }
            ],
            "app_role": [],
            "app_role_ids": {},
            "application_id": "a279ca43-bb99-4c12-9a10-54de919fb3f0",
            "device_only_auth_enabled": false,
            "disabled_by_microsoft": "\u003cnil\u003e",
            "display_name": "spn_kasten",
            "fallback_public_client_enabled": false,
            "feature_tags": [
              {
                "custom_single_sign_on": false,
                "enterprise": false,
                "gallery": false,
                "hide": false
              }
            ],
            "group_membership_claims": [],
            "id": "29844e13-87ec-4b58-b814-bfe860dd2099",
            "identifier_uris": [],
            "logo_image": "",
            "logo_url": "",
            "marketing_url": "",
            "oauth2_permission_scope_ids": {},
            "oauth2_post_response_required": false,
            "object_id": "29844e13-87ec-4b58-b814-bfe860dd2099",
            "optional_claims": [
              {
                "access_token": [],
                "id_token": [],
                "saml2_token": []
              }
            ],
            "owners": [],
            "prevent_duplicate_names": false,
            "privacy_statement_url": "",
            "public_client": [
              {
                "redirect_uris": []
              }
            ],
            "publisher_domain": "houssemdellai.onmicrosoft.com",
            "required_resource_access": [],
            "sign_in_audience": "AzureADMyOrg",
            "single_page_application": [
              {
                "redirect_uris": []
              }
            ],
            "support_url": "",
            "tags": [],
            "template_id": "",
            "terms_of_service_url": "",
            "timeouts": null,
            "web": [
              {
                "homepage_url": "",
                "implicit_grant": [
                  {
                    "access_token_issuance_enabled": false,
                    "id_token_issuance_enabled": false
                  }
                ],
                "logout_url": "",
                "redirect_uris": []
              }
            ]
          },
          "sensitive_attributes": [],
          "private": "eyJlMmJmYjczMC1lY2FhLTExZTYtOGY4OC0zNDM2M2JjN2M0YzAiOnsiY3JlYXRlIjo2MDAwMDAwMDAwMDAsImRlbGV0ZSI6MzAwMDAwMDAwMDAwLCJyZWFkIjozMDAwMDAwMDAwMDAsInVwZGF0ZSI6NjAwMDAwMDAwMDAwfSwic2NoZW1hX3ZlcnNpb24iOiIxIn0="
        }
      ]
    },
    {
      "mode": "managed",
      "type": "azuread_service_principal",
      "name": "spn_aks_helm",
      "provider": "provider[\"registry.terraform.io/hashicorp/azuread\"]",
      "instances": [
        {
          "schema_version": 0,
          "attributes": {
            "account_enabled": true,
            "alternative_names": [],
            "app_role_assignment_required": false,
            "app_role_ids": {},
            "app_roles": [],
            "application_id": "5052e07a-0e3e-4c51-bbab-5af9c01d6f32",
            "application_tenant_id": "558506eb-9459-4ef3-b920-ad55c555e729",
            "description": "",
            "display_name": "spn_aks_helm",
            "feature_tags": [
              {
                "custom_single_sign_on": false,
                "enterprise": false,
                "gallery": false,
                "hide": false
              }
            ],
            "features": [
              {
                "custom_single_sign_on_app": false,
                "enterprise_application": false,
                "gallery_application": false,
                "visible_to_users": true
              }
            ],
            "homepage_url": "",
            "id": "ba3b1ad5-d691-4e01-809e-69a2cf7c682b",
            "login_url": "",
            "logout_url": "",
            "notes": "",
            "notification_email_addresses": [],
            "oauth2_permission_scope_ids": {},
            "oauth2_permission_scopes": [],
            "object_id": "ba3b1ad5-d691-4e01-809e-69a2cf7c682b",
            "owners": [],
            "preferred_single_sign_on_mode": "",
            "redirect_uris": [],
            "saml_metadata_url": "",
            "saml_single_sign_on": [
              {
                "relay_state": ""
              }
            ],
            "service_principal_names": [],
            "sign_in_audience": "AzureADMyOrg",
            "tags": [],
            "timeouts": null,
            "type": "Application",
            "use_existing": null
          },
          "sensitive_attributes": [],
          "private": "eyJlMmJmYjczMC1lY2FhLTExZTYtOGY4OC0zNDM2M2JjN2M0YzAiOnsiY3JlYXRlIjo2MDAwMDAwMDAwMDAsImRlbGV0ZSI6MzAwMDAwMDAwMDAwLCJyZWFkIjozMDAwMDAwMDAwMDAsInVwZGF0ZSI6NjAwMDAwMDAwMDAwfX0=",
          "dependencies": [
            "azuread_application.app_aks_helm"
          ]
        }
      ]
    },
    {
      "mode": "managed",
      "type": "azuread_service_principal",
      "name": "spn_kasten",
      "provider": "provider[\"registry.terraform.io/hashicorp/azuread\"]",
      "instances": [
        {
          "schema_version": 0,
          "attributes": {
            "account_enabled": true,
            "alternative_names": [],
            "app_role_assignment_required": false,
            "app_role_ids": {},
            "app_roles": [],
            "application_id": "a279ca43-bb99-4c12-9a10-54de919fb3f0",
            "application_tenant_id": "558506eb-9459-4ef3-b920-ad55c555e729",
            "description": "",
            "display_name": "spn_kasten",
            "feature_tags": [
              {
                "custom_single_sign_on": false,
                "enterprise": false,
                "gallery": false,
                "hide": false
              }
            ],
            "features": [
              {
                "custom_single_sign_on_app": false,
                "enterprise_application": false,
                "gallery_application": false,
                "visible_to_users": true
              }
            ],
            "homepage_url": "",
            "id": "cfbd0e47-e7cc-456a-8aef-468d0c4fe070",
            "login_url": "",
            "logout_url": "",
            "notes": "",
            "notification_email_addresses": [],
            "oauth2_permission_scope_ids": {},
            "oauth2_permission_scopes": [],
            "object_id": "cfbd0e47-e7cc-456a-8aef-468d0c4fe070",
            "owners": [],
            "preferred_single_sign_on_mode": "",
            "redirect_uris": [],
            "saml_metadata_url": "",
            "saml_single_sign_on": [
              {
                "relay_state": ""
              }
            ],
            "service_principal_names": [],
            "sign_in_audience": "AzureADMyOrg",
            "tags": [],
            "timeouts": null,
            "type": "Application",
            "use_existing": null
          },
          "sensitive_attributes": [],
          "private": "eyJlMmJmYjczMC1lY2FhLTExZTYtOGY4OC0zNDM2M2JjN2M0YzAiOnsiY3JlYXRlIjo2MDAwMDAwMDAwMDAsImRlbGV0ZSI6MzAwMDAwMDAwMDAwLCJyZWFkIjozMDAwMDAwMDAwMDAsInVwZGF0ZSI6NjAwMDAwMDAwMDAwfX0=",
          "dependencies": [
            "azuread_application.app_kasten"
          ]
        }
      ]
    },
    {
      "mode": "managed",
      "type": "azuread_service_principal_password",
      "name": "password_spn_aks_helm",
      "provider": "provider[\"registry.terraform.io/hashicorp/azuread\"]",
      "instances": [
        {
          "schema_version": 1,
          "attributes": {
            "display_name": null,
            "end_date": "2024-09-09T12:01:05Z",
            "end_date_relative": null,
            "id": "ba3b1ad5-d691-4e01-809e-69a2cf7c682b/password/1105327f-a850-4d7b-952e-80253745f9ab",
            "key_id": "1105327f-a850-4d7b-952e-80253745f9ab",
            "rotate_when_changed": null,
            "service_principal_id": "ba3b1ad5-d691-4e01-809e-69a2cf7c682b",
            "start_date": "2022-09-09T12:01:05Z",
            "timeouts": null,
            "value": "NkQ8Q~nH.7Zz6PYPRsuoAjuD~6xHTxS6XBL3CcFt"
          },
          "sensitive_attributes": [],
          "private": "eyJlMmJmYjczMC1lY2FhLTExZTYtOGY4OC0zNDM2M2JjN2M0YzAiOnsiY3JlYXRlIjozMDAwMDAwMDAwMDAsImRlbGV0ZSI6MzAwMDAwMDAwMDAwLCJyZWFkIjozMDAwMDAwMDAwMDAsInVwZGF0ZSI6MzAwMDAwMDAwMDAwfSwic2NoZW1hX3ZlcnNpb24iOiIxIn0=",
          "dependencies": [
            "azuread_application.app_aks_helm",
            "azuread_service_principal.spn_aks_helm"
          ]
        }
      ]
    },
    {
      "mode": "managed",
      "type": "azuread_service_principal_password",
      "name": "password_spn_kasten",
      "provider": "provider[\"registry.terraform.io/hashicorp/azuread\"]",
      "instances": [
        {
          "schema_version": 1,
          "attributes": {
            "display_name": null,
            "end_date": "2024-09-09T12:01:05Z",
            "end_date_relative": null,
            "id": "cfbd0e47-e7cc-456a-8aef-468d0c4fe070/password/c92f13cb-cc64-4c22-a52d-a3695f59ed50",
            "key_id": "c92f13cb-cc64-4c22-a52d-a3695f59ed50",
            "rotate_when_changed": null,
            "service_principal_id": "cfbd0e47-e7cc-456a-8aef-468d0c4fe070",
            "start_date": "2022-09-09T12:01:05Z",
            "timeouts": null,
            "value": "ZgS8Q~.qnc8c_zeDegxn-EtBYGAv-B4QuH1BFbj2"
          },
          "sensitive_attributes": [],
          "private": "eyJlMmJmYjczMC1lY2FhLTExZTYtOGY4OC0zNDM2M2JjN2M0YzAiOnsiY3JlYXRlIjozMDAwMDAwMDAwMDAsImRlbGV0ZSI6MzAwMDAwMDAwMDAwLCJyZWFkIjozMDAwMDAwMDAwMDAsInVwZGF0ZSI6MzAwMDAwMDAwMDAwfSwic2NoZW1hX3ZlcnNpb24iOiIxIn0=",
          "dependencies": [
            "azuread_application.app_kasten",
            "azuread_service_principal.spn_kasten"
          ]
        }
      ]
    },
    {
      "mode": "managed",
      "type": "helm_release",
      "name": "kasten",
      "provider": "provider[\"registry.terraform.io/hashicorp/helm\"].aks-module",
      "instances": [
        {
          "schema_version": 0,
          "attributes": {
            "atomic": false,
            "chart": "k10",
            "cleanup_on_fail": false,
            "create_namespace": false,
            "dependency_update": false,
            "description": null,
            "devel": null,
            "disable_crd_hooks": false,
            "disable_openapi_validation": false,
            "disable_webhooks": false,
            "force_update": false,
            "id": "k10",
            "keyring": null,
            "lint": false,
            "manifest": null,
            "max_history": 0,
            "metadata": [
              {
                "app_version": "5.0.7",
                "chart": "k10",
                "name": "k10",
                "namespace": "kasten-io",
                "revision": 1,
                "values": "{\"secrets\":{\"azureClientId\":\"a279ca43-bb99-4c12-9a10-54de919fb3f0\",\"azureClientSecret\":\"ZgS8Q~.qnc8c_zeDegxn-EtBYGAv-B4QuH1BFbj2\",\"azureTenantId\":\"558506eb-9459-4ef3-b920-ad55c555e729\"},\"services\":{\"dashboardbff\":{\"hostNetwork\":true}}}",
                "version": "5.0.7"
              }
            ],
            "name": "k10",
            "namespace": "kasten-io",
            "pass_credentials": false,
            "postrender": [],
            "recreate_pods": false,
            "render_subchart_notes": true,
            "replace": false,
            "repository": "https://charts.kasten.io/",
            "repository_ca_file": null,
            "repository_cert_file": null,
            "repository_key_file": null,
            "repository_password": null,
            "repository_username": null,
            "reset_values": false,
            "reuse_values": false,
            "set": [
              {
                "name": "secrets.azureClientId",
                "type": "",
                "value": "a279ca43-bb99-4c12-9a10-54de919fb3f0"
              },
              {
                "name": "secrets.azureClientSecret",
                "type": "",
                "value": "ZgS8Q~.qnc8c_zeDegxn-EtBYGAv-B4QuH1BFbj2"
              },
              {
                "name": "secrets.azureTenantId",
                "type": "",
                "value": "558506eb-9459-4ef3-b920-ad55c555e729"
              },
              {
                "name": "services.dashboardbff.hostNetwork",
                "type": "",
                "value": "true"
              }
            ],
            "set_sensitive": [],
            "skip_crds": false,
            "status": "deployed",
            "timeout": 300,
            "values": null,
            "verify": false,
            "version": "5.0.7",
            "wait": true,
            "wait_for_jobs": false
          },
          "sensitive_attributes": [
            [
              {
                "type": "get_attr",
                "value": "set"
              }
            ]
          ],
          "private": "bnVsbA==",
          "dependencies": [
            "azuread_application.app_aks_helm",
            "azuread_application.app_kasten",
            "azuread_service_principal.spn_aks_helm",
            "azuread_service_principal.spn_kasten",
            "azuread_service_principal_password.password_spn_aks_helm",
            "azuread_service_principal_password.password_spn_kasten",
            "data.azuread_service_principal.aks_aad_server",
            "data.azurerm_kubernetes_cluster.aks",
            "data.azurerm_subscription.current",
            "kubernetes_namespace.kasten"
          ]
        }
      ]
    },
    {
      "mode": "managed",
      "type": "kubernetes_namespace",
      "name": "argo_cd",
      "provider": "provider[\"registry.terraform.io/hashicorp/kubernetes\"].aks-module",
      "instances": [
        {
          "schema_version": 0,
          "attributes": {
            "id": "gitops",
            "metadata": [
              {
                "annotations": {},
                "generate_name": "",
                "generation": 0,
                "labels": {},
                "name": "gitops",
                "resource_version": "30728",
                "uid": "a1d6fcfd-5609-47f3-8c11-f5882a811254"
              }
            ],
            "timeouts": null
          },
          "sensitive_attributes": [],
          "private": "eyJlMmJmYjczMC1lY2FhLTExZTYtOGY4OC0zNDM2M2JjN2M0YzAiOnsiZGVsZXRlIjozMDAwMDAwMDAwMDB9fQ==",
          "dependencies": [
            "azuread_application.app_aks_helm",
            "azuread_service_principal.spn_aks_helm",
            "azuread_service_principal_password.password_spn_aks_helm",
            "data.azuread_service_principal.aks_aad_server",
            "data.azurerm_kubernetes_cluster.aks",
            "data.azurerm_subscription.current"
          ]
        }
      ]
    },
    {
      "mode": "managed",
      "type": "kubernetes_namespace",
      "name": "harbor",
      "provider": "provider[\"registry.terraform.io/hashicorp/kubernetes\"].aks-module",
      "instances": [
        {
          "schema_version": 0,
          "attributes": {
            "id": "harbor",
            "metadata": [
              {
                "annotations": {},
                "generate_name": "",
                "generation": 0,
                "labels": {},
                "name": "harbor",
                "resource_version": "30717",
                "uid": "1ecbe045-3e85-4d6a-ade5-ac47526a1c8c"
              }
            ],
            "timeouts": null
          },
          "sensitive_attributes": [],
          "private": "eyJlMmJmYjczMC1lY2FhLTExZTYtOGY4OC0zNDM2M2JjN2M0YzAiOnsiZGVsZXRlIjozMDAwMDAwMDAwMDB9fQ==",
          "dependencies": [
            "azuread_application.app_aks_helm",
            "azuread_service_principal.spn_aks_helm",
            "azuread_service_principal_password.password_spn_aks_helm",
            "data.azuread_service_principal.aks_aad_server",
            "data.azurerm_kubernetes_cluster.aks",
            "data.azurerm_subscription.current"
          ]
        }
      ]
    },
    {
      "mode": "managed",
      "type": "kubernetes_namespace",
      "name": "kasten",
      "provider": "provider[\"registry.terraform.io/hashicorp/kubernetes\"].aks-module",
      "instances": [
        {
          "schema_version": 0,
          "attributes": {
            "id": "kasten-io",
            "metadata": [
              {
                "annotations": {},
                "generate_name": "",
                "generation": 0,
                "labels": {},
                "name": "kasten-io",
                "resource_version": "30714",
                "uid": "957719b0-79d6-45c7-b732-04fb681df1e4"
              }
            ],
            "timeouts": null
          },
          "sensitive_attributes": [],
          "private": "eyJlMmJmYjczMC1lY2FhLTExZTYtOGY4OC0zNDM2M2JjN2M0YzAiOnsiZGVsZXRlIjozMDAwMDAwMDAwMDB9fQ==",
          "dependencies": [
            "azuread_application.app_aks_helm",
            "azuread_service_principal.spn_aks_helm",
            "azuread_service_principal_password.password_spn_aks_helm",
            "data.azuread_service_principal.aks_aad_server",
            "data.azurerm_kubernetes_cluster.aks",
            "data.azurerm_subscription.current"
          ]
        }
      ]
    },
    {
      "mode": "managed",
      "type": "kubernetes_namespace",
      "name": "keda",
      "provider": "provider[\"registry.terraform.io/hashicorp/kubernetes\"].aks-module",
      "instances": [
        {
          "schema_version": 0,
          "attributes": {
            "id": "keda",
            "metadata": [
              {
                "annotations": {},
                "generate_name": "",
                "generation": 0,
                "labels": {},
                "name": "keda",
                "resource_version": "30713",
                "uid": "5ad49252-f7a7-4ccd-b053-be1a2775c13a"
              }
            ],
            "timeouts": null
          },
          "sensitive_attributes": [],
          "private": "eyJlMmJmYjczMC1lY2FhLTExZTYtOGY4OC0zNDM2M2JjN2M0YzAiOnsiZGVsZXRlIjozMDAwMDAwMDAwMDB9fQ==",
          "dependencies": [
            "azuread_application.app_aks_helm",
            "azuread_service_principal.spn_aks_helm",
            "azuread_service_principal_password.password_spn_aks_helm",
            "data.azuread_service_principal.aks_aad_server",
            "data.azurerm_kubernetes_cluster.aks",
            "data.azurerm_subscription.current"
          ]
        }
      ]
    },
    {
      "mode": "managed",
      "type": "kubernetes_namespace",
      "name": "kubecost",
      "provider": "provider[\"registry.terraform.io/hashicorp/kubernetes\"].aks-module",
      "instances": [
        {
          "schema_version": 0,
          "attributes": {
            "id": "finops",
            "metadata": [
              {
                "annotations": {},
                "generate_name": "",
                "generation": 0,
                "labels": {},
                "name": "finops",
                "resource_version": "30710",
                "uid": "2496075b-8d4a-4de9-9af5-e7cbfa3959dc"
              }
            ],
            "timeouts": null
          },
          "sensitive_attributes": [],
          "private": "eyJlMmJmYjczMC1lY2FhLTExZTYtOGY4OC0zNDM2M2JjN2M0YzAiOnsiZGVsZXRlIjozMDAwMDAwMDAwMDB9fQ==",
          "dependencies": [
            "azuread_application.app_aks_helm",
            "azuread_service_principal.spn_aks_helm",
            "azuread_service_principal_password.password_spn_aks_helm",
            "data.azuread_service_principal.aks_aad_server",
            "data.azurerm_kubernetes_cluster.aks",
            "data.azurerm_subscription.current"
          ]
        }
      ]
    },
    {
      "mode": "managed",
      "type": "kubernetes_namespace",
      "name": "nginx_ingress",
      "provider": "provider[\"registry.terraform.io/hashicorp/kubernetes\"].aks-module",
      "instances": [
        {
          "schema_version": 0,
          "attributes": {
            "id": "ingress",
            "metadata": [
              {
                "annotations": {},
                "generate_name": "",
                "generation": 0,
                "labels": {},
                "name": "ingress",
                "resource_version": "30711",
                "uid": "b024ee43-0d00-4659-8467-a3b4c8ffe5cb"
              }
            ],
            "timeouts": null
          },
          "sensitive_attributes": [],
          "private": "eyJlMmJmYjczMC1lY2FhLTExZTYtOGY4OC0zNDM2M2JjN2M0YzAiOnsiZGVsZXRlIjozMDAwMDAwMDAwMDB9fQ==",
          "dependencies": [
            "azuread_application.app_aks_helm",
            "azuread_service_principal.spn_aks_helm",
            "azuread_service_principal_password.password_spn_aks_helm",
            "data.azuread_service_principal.aks_aad_server",
            "data.azurerm_kubernetes_cluster.aks",
            "data.azurerm_subscription.current"
          ]
        }
      ]
    },
    {
      "mode": "managed",
      "type": "kubernetes_namespace",
      "name": "prometheus_stack",
      "provider": "provider[\"registry.terraform.io/hashicorp/kubernetes\"].aks-module",
      "instances": [
        {
          "schema_version": 0,
          "attributes": {
            "id": "monitoring",
            "metadata": [
              {
                "annotations": {},
                "generate_name": "",
                "generation": 0,
                "labels": {},
                "name": "monitoring",
                "resource_version": "30712",
                "uid": "02bebf4b-bc4e-40b5-a337-413378f691bc"
              }
            ],
            "timeouts": null
          },
          "sensitive_attributes": [],
          "private": "eyJlMmJmYjczMC1lY2FhLTExZTYtOGY4OC0zNDM2M2JjN2M0YzAiOnsiZGVsZXRlIjozMDAwMDAwMDAwMDB9fQ==",
          "dependencies": [
            "azuread_application.app_aks_helm",
            "azuread_service_principal.spn_aks_helm",
            "azuread_service_principal_password.password_spn_aks_helm",
            "data.azuread_service_principal.aks_aad_server",
            "data.azurerm_kubernetes_cluster.aks",
            "data.azurerm_subscription.current"
          ]
        }
      ]
    }
  ]
}
