{
  "version": 4,
  "terraform_version": "1.2.3",
  "serial": 39,
  "lineage": "25e29773-961d-8769-c8f5-b1bd003f9497",
  "outputs": {},
  "resources": [
    {
      "mode": "data",
      "type": "azuread_client_config",
      "name": "current",
      "provider": "provider[\"registry.terraform.io/hashicorp/azuread\"]",
      "instances": [
        {
          "schema_version": 0,
          "attributes": {
            "client_id": "04b07795-8ddb-461a-bbee-02f9e1bf7b46",
            "id": "558506eb-9459-4ef3-b920-ad55c555e729-04b07795-8ddb-461a-bbee-02f9e1bf7b46-f97fc9ba-ebda-439e-825a-0e25801cb32c",
            "object_id": "f97fc9ba-ebda-439e-825a-0e25801cb32c",
            "tenant_id": "558506eb-9459-4ef3-b920-ad55c555e729",
            "timeouts": null
          },
          "sensitive_attributes": []
        }
      ]
    },
    {
      "mode": "data",
      "type": "azuread_group",
      "name": "aks_admins",
      "provider": "provider[\"registry.terraform.io/hashicorp/azuread\"]",
      "instances": [
        {
          "schema_version": 0,
          "attributes": {
            "assignable_to_role": false,
            "auto_subscribe_new_members": false,
            "behaviors": [],
            "description": "",
            "display_name": "group_aks_admins",
            "dynamic_membership": [],
            "external_senders_allowed": false,
            "hide_from_address_lists": false,
            "hide_from_outlook_clients": false,
            "id": "d2bfe8b5-d516-4b16-9e9a-e3c4310798ca",
            "mail": "",
            "mail_enabled": false,
            "mail_nickname": "295235f6-0",
            "members": [
              "f97fc9ba-ebda-439e-825a-0e25801cb32c"
            ],
            "object_id": "d2bfe8b5-d516-4b16-9e9a-e3c4310798ca",
            "onpremises_domain_name": "",
            "onpremises_netbios_name": "",
            "onpremises_sam_account_name": "",
            "onpremises_security_identifier": "",
            "onpremises_sync_enabled": false,
            "owners": [
              "f97fc9ba-ebda-439e-825a-0e25801cb32c"
            ],
            "preferred_language": "",
            "provisioning_options": [],
            "proxy_addresses": [],
            "security_enabled": true,
            "theme": "",
            "timeouts": null,
            "types": [],
            "visibility": ""
          },
          "sensitive_attributes": []
        }
      ]
    },
    {
      "mode": "data",
      "type": "azuread_service_principal",
      "name": "aks_aad_server",
      "provider": "provider[\"registry.terraform.io/hashicorp/azuread\"]",
      "instances": [
        {
          "schema_version": 0,
          "attributes": {
            "account_enabled": true,
            "alternative_names": [],
            "app_role_assignment_required": false,
            "app_role_ids": {},
            "app_roles": [],
            "application_id": "6dae42f8-4368-4678-94ff-3960e28e3630",
            "application_tenant_id": "f8cdef31-a31e-4b4a-93e4-5f571e91255a",
            "description": "",
            "display_name": "Azure Kubernetes Service AAD Server",
            "feature_tags": [
              {
                "custom_single_sign_on": false,
                "enterprise": false,
                "gallery": false,
                "hide": false
              }
            ],
            "features": [
              {
                "custom_single_sign_on_app": false,
                "enterprise_application": false,
                "gallery_application": false,
                "visible_to_users": true
              }
            ],
            "homepage_url": "",
            "id": "5dc776ad-9525-4afd-ad24-334e21ad710e",
            "login_url": "",
            "logout_url": "",
            "notes": "",
            "notification_email_addresses": [],
            "oauth2_permission_scope_ids": {
              "user.read": "34a47c2f-cd0d-47b4-a93c-2c41130c671c"
            },
            "oauth2_permission_scopes": [
              {
                "admin_consent_description": "this allows to read user profile",
                "admin_consent_display_name": "user.read",
                "enabled": true,
                "id": "34a47c2f-cd0d-47b4-a93c-2c41130c671c",
                "type": "User",
                "user_consent_description": "this allows to read user profile",
                "user_consent_display_name": "user.read",
                "value": "user.read"
              }
            ],
            "object_id": "5dc776ad-9525-4afd-ad24-334e21ad710e",
            "preferred_single_sign_on_mode": "",
            "redirect_uris": [],
            "saml_metadata_url": "",
            "saml_single_sign_on": [],
            "service_principal_names": [
              "https://aks-aad-server.azure.com"
            ],
            "sign_in_audience": "AzureADMultipleOrgs",
            "tags": [],
            "timeouts": null,
            "type": "Application"
          },
          "sensitive_attributes": []
        }
      ]
    },
    {
      "mode": "data",
      "type": "azurerm_kubernetes_cluster",
      "name": "aks",
      "provider": "provider[\"registry.terraform.io/hashicorp/azurerm\"]",
      "instances": [
        {
          "schema_version": 0,
          "attributes": {
            "aci_connector_linux": [],
            "agent_pool_profile": [
              {
                "count": 1,
                "enable_auto_scaling": true,
                "enable_node_public_ip": false,
                "max_count": 5,
                "max_pods": 110,
                "min_count": 1,
                "name": "poolapps",
                "node_labels": {},
                "node_public_ip_prefix_id": "",
                "node_taints": [],
                "orchestrator_version": "1.23.5",
                "os_disk_size_gb": 60,
                "os_type": "Linux",
                "tags": {
                  "environment": "development",
                  "source": "terraform"
                },
                "type": "VirtualMachineScaleSets",
                "upgrade_settings": [
                  {
                    "max_surge": "3"
                  }
                ],
                "vm_size": "Standard_D2ds_v5",
                "vnet_subnet_id": "/subscriptions/7b1f7584-2f78-4923-851d-04a91bb32a57/resourceGroups/rg-aks-cluster/providers/Microsoft.Network/virtualNetworks/vnet-spoke-aks/subnets/subnet-aks-nodes",
                "zones": [
                  "2",
                  "3",
                  "1"
                ]
              },
              {
                "count": 2,
                "enable_auto_scaling": true,
                "enable_node_public_ip": false,
                "max_count": 3,
                "max_pods": 110,
                "min_count": 1,
                "name": "poolsystem",
                "node_labels": {},
                "node_public_ip_prefix_id": "",
                "node_taints": [
                  "CriticalAddonsOnly=true:NoSchedule"
                ],
                "orchestrator_version": "1.23.5",
                "os_disk_size_gb": 40,
                "os_type": "Linux",
                "tags": {
                  "environment": "development",
                  "source": "terraform"
                },
                "type": "VirtualMachineScaleSets",
                "upgrade_settings": [],
                "vm_size": "Standard_D2ds_v5",
                "vnet_subnet_id": "/subscriptions/7b1f7584-2f78-4923-851d-04a91bb32a57/resourceGroups/rg-aks-cluster/providers/Microsoft.Network/virtualNetworks/vnet-spoke-aks/subnets/subnet-aks-nodes",
                "zones": [
                  "2",
                  "3",
                  "1"
                ]
              }
            ],
            "api_server_authorized_ip_ranges": [
              "0.0.0.0/0"
            ],
            "azure_active_directory_role_based_access_control": [
              {
                "admin_group_object_ids": [
                  "d2bfe8b5-d516-4b16-9e9a-e3c4310798ca"
                ],
                "azure_rbac_enabled": true,
                "client_app_id": "",
                "managed": true,
                "server_app_id": "",
                "tenant_id": "558506eb-9459-4ef3-b920-ad55c555e729"
              }
            ],
            "azure_policy_enabled": true,
            "disk_encryption_set_id": "",
            "dns_prefix": "aks",
            "fqdn": "aks-d3fbe0c9.hcp.westeurope.azmk8s.io",
            "http_application_routing_enabled": false,
            "http_application_routing_zone_name": "",
            "id": "/subscriptions/7b1f7584-2f78-4923-851d-04a91bb32a57/resourceGroups/rg-aks-cluster/providers/Microsoft.ContainerService/managedClusters/aks-cluster",
            "identity": [
              {
                "identity_ids": [
                  "/subscriptions/7b1f7584-2f78-4923-851d-04a91bb32a57/resourceGroups/rg-aks-cluster/providers/Microsoft.ManagedIdentity/userAssignedIdentities/identity-aks"
                ],
                "principal_id": "",
                "tenant_id": "",
                "type": "UserAssigned"
              }
            ],
            "ingress_application_gateway": [
              {
                "effective_gateway_id": "/subscriptions/7b1f7584-2f78-4923-851d-04a91bb32a57/resourceGroups/rg-aks-cluster/providers/Microsoft.Network/applicationGateways/appgw-aks",
                "gateway_id": "/subscriptions/7b1f7584-2f78-4923-851d-04a91bb32a57/resourceGroups/rg-aks-cluster/providers/Microsoft.Network/applicationGateways/appgw-aks",
                "gateway_name": "",
                "ingress_application_gateway_identity": [
                  {
                    "client_id": "1f7cb918-b4b5-4764-baf8-495086cad041",
                    "object_id": "75682143-3f7e-4780-ad02-a76f6348a397",
                    "user_assigned_identity_id": "/subscriptions/7b1f7584-2f78-4923-851d-04a91bb32a57/resourcegroups/rg-aks-cluster-managed/providers/Microsoft.ManagedIdentity/userAssignedIdentities/ingressapplicationgateway-aks-cluster"
                  }
                ],
                "subnet_cidr": "",
                "subnet_id": ""
              }
            ],
            "key_vault_secrets_provider": [
              {
                "secret_identity": [
                  {
                    "client_id": "1222b92d-a1da-4299-8f86-2528474e3ccb",
                    "object_id": "fbf90ca2-4fd3-498d-b967-85f2d300aa59",
                    "user_assigned_identity_id": "/subscriptions/7b1f7584-2f78-4923-851d-04a91bb32a57/resourcegroups/rg-aks-cluster-managed/providers/Microsoft.ManagedIdentity/userAssignedIdentities/azurekeyvaultsecretsprovider-aks-cluster"
                  }
                ],
                "secret_rotation_enabled": true,
                "secret_rotation_interval": "2m"
              }
            ],
            "kube_admin_config": [],
            "kube_admin_config_raw": "",
            "kube_config": [
              {
                "client_certificate": "",
                "client_key": "",
                "cluster_ca_certificate": "LS0tLS1CRUdJTiBDRVJUSUZJQ0FURS0tLS0tCk1JSUU2RENDQXRDZ0F3SUJBZ0lRS2VHYUtSSGZ1TjFWN3J0MktTMzhkREFOQmdrcWhraUc5dzBCQVFzRkFEQU4KTVFzd0NRWURWUVFERXdKallUQWdGdzB5TWpBMk1qTXdOek13TkRWYUdBOHlNRFV5TURZeU16QTNOREEwTlZvdwpEVEVMTUFrR0ExVUVBeE1DWTJFd2dnSWlNQTBHQ1NxR1NJYjNEUUVCQVFVQUE0SUNEd0F3Z2dJS0FvSUNBUURCClFURmJkM2VkSHlrZUFQNE9MelpsV3E3UHY4WldQdGdhdUxaaFVVYW5FT0Z1NVpNZjdWNWwybWdNY2lIL1duMWMKcVArSDYrcFZxZEwwelA5SW9jK1hGYW9hdjFrY2E0bURCcHh4UlVGNzF4Vkx2U3FzdHg2N2VIUWpKU1MvdFFpSQpObk5tUFZwd3JTbU5IYU9CQWZMTmZ4UlBRdHhhOWpXNHRyYWhOTDhzWDZuOWZ2MzBYL1lzeHJjcG80UmRVZ08vCkhWL1ozZkhyMXRMcnFsbzBKa2lOc1ZqN3RMb25uY1htOEt6YkNvZkZ6SS9iUjhNTlZUV2pQVll2aThnVlVrUW4KS0RYYVdLNGhvRWJkTzRiZmxHUFB6WDhuZjVrWVJOcDIwRCtGeEhNT0NkWFdqVXlGdUJiaUx1eVlSR3JDOGNTYQpEUFNGbVQrL1ZOWUx1ZGhOR0tvQ0wwUHdyR2ErazVPbklUK0w5d1JSUHkwYThhOTd4YkVBN3doakNTUVVFN2tMCm5sbldSaC9aT3FHcnZyTXNjK1FTUnU1S3E0cjNVZUJKK2tKQklHWmZIUzNwZFE4QmJTZlRnM2RpeU5tcVp0ZGcKSGVoTjNLVFhub0VkdFE5VTQ2UTFueEFiYUM0Q0haVzlpYXdXZWdaNEtZT285TFVsWHlDVW5LekZGdEdZdndnMwoydnFqVWxOaFhnSFp0Q2QyWUdLWmVGbDFMMmhNL0ZBcHBkbmR0NURLY0NSTzdFcXNUU0dyaFlDZ0R2MWVvOUF6CnhwY25tTmoyUDFUTSs3T083VU82dXYzQ3ZrWVROMUswcnJObHpwSWpJakZUT3g4MzI4UjFjOUFrbFN1RmhZUTUKQk9BbHhDZXp1ZGs3ZG5OamduWFlEZmVJbmJ1VkgyN2pSTHZYeWlncEZRSURBUUFCbzBJd1FEQU9CZ05WSFE4QgpBZjhFQkFNQ0FxUXdEd1lEVlIwVEFRSC9CQVV3QXdFQi96QWRCZ05WSFE0RUZnUVV2aGdjMWJlWVpSVVliM0hQCjhRdGo2eDB3eVRnd0RRWUpLb1pJaHZjTkFRRUxCUUFEZ2dJQkFLSHUvUWlNMmN0V3ZjMUlmMWpnd3ZEM08xc3QKNy9senEvSjZFR2RHTnpoOG1wTGtrSmFhVnlEVU16RDMwWlBLbDNtcFRxTnZ5MXBlRm9nRnllTjlmZnpMZG02WQpXOVJqa09zbzNnU2thbGxCL3FSbzZZc0dTWjNqNE9ZeGJ2Mllrd0lpY1BGbU16dExxU2tHYzAvb2VDNENYMWpuCmdCZUZUSWdjT1lDZWFPRHUyUkxwUmdNTDJBMDFUeEZUdUhLZXp3Q091UjFURVdNU1RWaFVRQkVMS0hwL3E4OFkKdExqMEFQZmlhUmlUdi9hd3JXN2lLbHF4a0l3c0t6MS85WitwZkJxZFJ5Z0x0VWY1MXJpQlZYNkJZWHJUc05SaApaM3EwK0k0WlNBWFJBMzFSMnV4MzhxKzhjdW5zdGMwT3lQL3JncG00U2JQbGhsemQyYmVlellielRJNDUwQmZ2CmpTWU5teUtwZXgraEplYUZ0aTV3aUFrdmRRSTJ6OHhyd3lSczgwR2FobjBTMDdPaWNDc2xQWjNyV3NTeGI5Q0sKYUhsZHhEbkpST1lJYU5QYlJlN1dsK21ndjRMYUtHWThtTE1ZdlJQbk9CSW9neHlrRVhPdGgrNXFUQjdBMjJybgpDV0x1dWxOcHByTU0wcWl1VEJaalpRM0xuaFNxZ0k0Ums1a29lSWtLbXlGc3ZkaFM2anBtS2REM0x3VU1Ha1A3CmJsVXdHQ3NDb0JCTG8rSXJiUGRSY09Ub29Xbm43cHVWVEZDbERKWUZvdGlVeUxZSjl6Zk8xYnJoaVJGKzlMOHYKQ0liT3NoQWNjcU51dW83WlF6c2RlZEdtSEQyTDI2U1FRU1d0RVZJcWhvSTJBenFBTUp5VkFDL1F5NlJjWGJyZAphUEFZOHJXRDU3aGlnUzlOCi0tLS0tRU5EIENFUlRJRklDQVRFLS0tLS0K",
                "host": "https://aks-d3fbe0c9.hcp.westeurope.azmk8s.io:443",
                "password": "",
                "username": "clusterUser_rg-aks-cluster_aks-cluster"
              }
            ],
            "kube_config_raw": "apiVersion: v1\nclusters:\n- cluster:\n    certificate-authority-data: LS0tLS1CRUdJTiBDRVJUSUZJQ0FURS0tLS0tCk1JSUU2RENDQXRDZ0F3SUJBZ0lRS2VHYUtSSGZ1TjFWN3J0MktTMzhkREFOQmdrcWhraUc5dzBCQVFzRkFEQU4KTVFzd0NRWURWUVFERXdKallUQWdGdzB5TWpBMk1qTXdOek13TkRWYUdBOHlNRFV5TURZeU16QTNOREEwTlZvdwpEVEVMTUFrR0ExVUVBeE1DWTJFd2dnSWlNQTBHQ1NxR1NJYjNEUUVCQVFVQUE0SUNEd0F3Z2dJS0FvSUNBUURCClFURmJkM2VkSHlrZUFQNE9MelpsV3E3UHY4WldQdGdhdUxaaFVVYW5FT0Z1NVpNZjdWNWwybWdNY2lIL1duMWMKcVArSDYrcFZxZEwwelA5SW9jK1hGYW9hdjFrY2E0bURCcHh4UlVGNzF4Vkx2U3FzdHg2N2VIUWpKU1MvdFFpSQpObk5tUFZwd3JTbU5IYU9CQWZMTmZ4UlBRdHhhOWpXNHRyYWhOTDhzWDZuOWZ2MzBYL1lzeHJjcG80UmRVZ08vCkhWL1ozZkhyMXRMcnFsbzBKa2lOc1ZqN3RMb25uY1htOEt6YkNvZkZ6SS9iUjhNTlZUV2pQVll2aThnVlVrUW4KS0RYYVdLNGhvRWJkTzRiZmxHUFB6WDhuZjVrWVJOcDIwRCtGeEhNT0NkWFdqVXlGdUJiaUx1eVlSR3JDOGNTYQpEUFNGbVQrL1ZOWUx1ZGhOR0tvQ0wwUHdyR2ErazVPbklUK0w5d1JSUHkwYThhOTd4YkVBN3doakNTUVVFN2tMCm5sbldSaC9aT3FHcnZyTXNjK1FTUnU1S3E0cjNVZUJKK2tKQklHWmZIUzNwZFE4QmJTZlRnM2RpeU5tcVp0ZGcKSGVoTjNLVFhub0VkdFE5VTQ2UTFueEFiYUM0Q0haVzlpYXdXZWdaNEtZT285TFVsWHlDVW5LekZGdEdZdndnMwoydnFqVWxOaFhnSFp0Q2QyWUdLWmVGbDFMMmhNL0ZBcHBkbmR0NURLY0NSTzdFcXNUU0dyaFlDZ0R2MWVvOUF6CnhwY25tTmoyUDFUTSs3T083VU82dXYzQ3ZrWVROMUswcnJObHpwSWpJakZUT3g4MzI4UjFjOUFrbFN1RmhZUTUKQk9BbHhDZXp1ZGs3ZG5OamduWFlEZmVJbmJ1VkgyN2pSTHZYeWlncEZRSURBUUFCbzBJd1FEQU9CZ05WSFE4QgpBZjhFQkFNQ0FxUXdEd1lEVlIwVEFRSC9CQVV3QXdFQi96QWRCZ05WSFE0RUZnUVV2aGdjMWJlWVpSVVliM0hQCjhRdGo2eDB3eVRnd0RRWUpLb1pJaHZjTkFRRUxCUUFEZ2dJQkFLSHUvUWlNMmN0V3ZjMUlmMWpnd3ZEM08xc3QKNy9senEvSjZFR2RHTnpoOG1wTGtrSmFhVnlEVU16RDMwWlBLbDNtcFRxTnZ5MXBlRm9nRnllTjlmZnpMZG02WQpXOVJqa09zbzNnU2thbGxCL3FSbzZZc0dTWjNqNE9ZeGJ2Mllrd0lpY1BGbU16dExxU2tHYzAvb2VDNENYMWpuCmdCZUZUSWdjT1lDZWFPRHUyUkxwUmdNTDJBMDFUeEZUdUhLZXp3Q091UjFURVdNU1RWaFVRQkVMS0hwL3E4OFkKdExqMEFQZmlhUmlUdi9hd3JXN2lLbHF4a0l3c0t6MS85WitwZkJxZFJ5Z0x0VWY1MXJpQlZYNkJZWHJUc05SaApaM3EwK0k0WlNBWFJBMzFSMnV4MzhxKzhjdW5zdGMwT3lQL3JncG00U2JQbGhsemQyYmVlellielRJNDUwQmZ2CmpTWU5teUtwZXgraEplYUZ0aTV3aUFrdmRRSTJ6OHhyd3lSczgwR2FobjBTMDdPaWNDc2xQWjNyV3NTeGI5Q0sKYUhsZHhEbkpST1lJYU5QYlJlN1dsK21ndjRMYUtHWThtTE1ZdlJQbk9CSW9neHlrRVhPdGgrNXFUQjdBMjJybgpDV0x1dWxOcHByTU0wcWl1VEJaalpRM0xuaFNxZ0k0Ums1a29lSWtLbXlGc3ZkaFM2anBtS2REM0x3VU1Ha1A3CmJsVXdHQ3NDb0JCTG8rSXJiUGRSY09Ub29Xbm43cHVWVEZDbERKWUZvdGlVeUxZSjl6Zk8xYnJoaVJGKzlMOHYKQ0liT3NoQWNjcU51dW83WlF6c2RlZEdtSEQyTDI2U1FRU1d0RVZJcWhvSTJBenFBTUp5VkFDL1F5NlJjWGJyZAphUEFZOHJXRDU3aGlnUzlOCi0tLS0tRU5EIENFUlRJRklDQVRFLS0tLS0K\n    server: https://aks-d3fbe0c9.hcp.westeurope.azmk8s.io:443\n  name: aks-cluster\ncontexts:\n- context:\n    cluster: aks-cluster\n    user: clusterUser_rg-aks-cluster_aks-cluster\n  name: aks-cluster\ncurrent-context: aks-cluster\nkind: Config\npreferences: {}\nusers:\n- name: clusterUser_rg-aks-cluster_aks-cluster\n  user:\n    auth-provider:\n      config:\n        apiserver-id: 6dae42f8-4368-4678-94ff-3960e28e3630\n        client-id: 80faf920-1908-4b52-b5ef-a8e7bedfc67a\n        config-mode: \"1\"\n        environment: AzurePublicCloud\n        tenant-id: 558506eb-9459-4ef3-b920-ad55c555e729\n      name: azure\n",
            "kubelet_identity": [
              {
                "client_id": "fb249329-ad1e-4744-adef-9eb0244b8719",
                "object_id": "f031a45b-4616-4f07-8473-292f133a3672",
                "user_assigned_identity_id": "/subscriptions/7b1f7584-2f78-4923-851d-04a91bb32a57/resourceGroups/rg-aks-cluster/providers/Microsoft.ManagedIdentity/userAssignedIdentities/aks-cluster-agentpool"
              }
            ],
            "kubernetes_version": "1.23.5",
            "linux_profile": [
              {
                "admin_username": "",
                "ssh_key": []
              }
            ],
            "location": "westeurope",
            "microsoft_defender": [],
            "name": "aks-cluster",
            "network_profile": [
              {
                "dns_service_ip": "10.0.0.10",
                "docker_bridge_cidr": "172.17.0.1/16",
                "load_balancer_sku": "Standard",
                "network_plugin": "azure",
                "network_policy": "calico",
                "pod_cidr": "",
                "service_cidr": "10.0.0.0/16"
              }
            ],
            "node_resource_group": "rg-aks-cluster-managed",
            "oidc_issuer_enabled": true,
            "oidc_issuer_url": "https://oidc.prod-aks.azure.com/81f6ed7e-68b1-4269-a770-6fc9ae187c30/",
            "oms_agent": [],
            "open_service_mesh_enabled": true,
            "private_cluster_enabled": false,
            "private_fqdn": "",
            "resource_group_name": "rg-aks-cluster",
            "role_based_access_control_enabled": true,
            "service_principal": [
              {
                "client_id": "msi"
              }
            ],
            "tags": {
              "environment": "development",
              "source": "terraform"
            },
            "timeouts": null,
            "windows_profile": [
              {
                "admin_username": "azureuser"
              }
            ]
          },
          "sensitive_attributes": []
        }
      ]
    },
    {
      "mode": "data",
      "type": "azurerm_subscription",
      "name": "current",
      "provider": "provider[\"registry.terraform.io/hashicorp/azurerm\"]",
      "instances": [
        {
          "schema_version": 0,
          "attributes": {
            "display_name": "Microsoft-Azure-3",
            "id": "/subscriptions/7b1f7584-2f78-4923-851d-04a91bb32a57",
            "location_placement_id": "Public_2014-09-01",
            "quota_id": "MSDN_2014-09-01",
            "spending_limit": "On",
            "state": "Enabled",
            "subscription_id": "7b1f7584-2f78-4923-851d-04a91bb32a57",
            "tags": {},
            "tenant_id": "558506eb-9459-4ef3-b920-ad55c555e729",
            "timeouts": null
          },
          "sensitive_attributes": []
        }
      ]
    },
    {
      "mode": "managed",
      "type": "azuread_application",
      "name": "app_aks_helm",
      "provider": "provider[\"registry.terraform.io/hashicorp/azuread\"]",
      "instances": [
        {
          "schema_version": 1,
          "attributes": {
            "api": [
              {
                "known_client_applications": [],
                "mapped_claims_enabled": false,
                "oauth2_permission_scope": [],
                "requested_access_token_version": 1
              }
            ],
            "app_role": [],
            "app_role_ids": {},
            "application_id": "dd5f7182-68d4-40ca-82d3-36c109a53b29",
            "device_only_auth_enabled": false,
            "disabled_by_microsoft": "\u003cnil\u003e",
            "display_name": "spn_aks_helm",
            "fallback_public_client_enabled": false,
            "feature_tags": [
              {
                "custom_single_sign_on": false,
                "enterprise": false,
                "gallery": false,
                "hide": false
              }
            ],
            "group_membership_claims": null,
            "id": "a3fccca1-4879-4920-a0e8-9e074c945ffb",
            "identifier_uris": null,
            "logo_image": "",
            "logo_url": "",
            "marketing_url": "",
            "oauth2_permission_scope_ids": {},
            "oauth2_post_response_required": false,
            "object_id": "a3fccca1-4879-4920-a0e8-9e074c945ffb",
            "optional_claims": [
              {
                "access_token": [],
                "id_token": [],
                "saml2_token": []
              }
            ],
            "owners": null,
            "prevent_duplicate_names": false,
            "privacy_statement_url": "",
            "public_client": [
              {
                "redirect_uris": []
              }
            ],
            "publisher_domain": "houssemdellai.onmicrosoft.com",
            "required_resource_access": [],
            "sign_in_audience": "AzureADMyOrg",
            "single_page_application": [
              {
                "redirect_uris": []
              }
            ],
            "support_url": "",
            "tags": [],
            "template_id": "",
            "terms_of_service_url": "",
            "timeouts": null,
            "web": [
              {
                "homepage_url": "",
                "implicit_grant": [
                  {
                    "access_token_issuance_enabled": false,
                    "id_token_issuance_enabled": false
                  }
                ],
                "logout_url": "",
                "redirect_uris": []
              }
            ]
          },
          "sensitive_attributes": [],
          "private": "eyJlMmJmYjczMC1lY2FhLTExZTYtOGY4OC0zNDM2M2JjN2M0YzAiOnsiY3JlYXRlIjo2MDAwMDAwMDAwMDAsImRlbGV0ZSI6MzAwMDAwMDAwMDAwLCJyZWFkIjozMDAwMDAwMDAwMDAsInVwZGF0ZSI6NjAwMDAwMDAwMDAwfSwic2NoZW1hX3ZlcnNpb24iOiIxIn0="
        }
      ]
    },
    {
      "mode": "managed",
      "type": "azuread_application",
      "name": "app_kubecost",
      "provider": "provider[\"registry.terraform.io/hashicorp/azuread\"]",
      "instances": [
        {
          "schema_version": 1,
          "attributes": {
            "api": [
              {
                "known_client_applications": [],
                "mapped_claims_enabled": false,
                "oauth2_permission_scope": [],
                "requested_access_token_version": 1
              }
            ],
            "app_role": [],
            "app_role_ids": {},
            "application_id": "473826d7-3496-4c47-bae4-27b99d167add",
            "device_only_auth_enabled": false,
            "disabled_by_microsoft": "\u003cnil\u003e",
            "display_name": "spn_kubecost",
            "fallback_public_client_enabled": false,
            "feature_tags": [
              {
                "custom_single_sign_on": false,
                "enterprise": false,
                "gallery": false,
                "hide": false
              }
            ],
            "group_membership_claims": [],
            "id": "2c5388da-d0c3-4dba-9716-74c7ecba96fd",
            "identifier_uris": [],
            "logo_image": "",
            "logo_url": "",
            "marketing_url": "",
            "oauth2_permission_scope_ids": {},
            "oauth2_post_response_required": false,
            "object_id": "2c5388da-d0c3-4dba-9716-74c7ecba96fd",
            "optional_claims": [
              {
                "access_token": [],
                "id_token": [],
                "saml2_token": []
              }
            ],
            "owners": [],
            "prevent_duplicate_names": false,
            "privacy_statement_url": "",
            "public_client": [
              {
                "redirect_uris": []
              }
            ],
            "publisher_domain": "houssemdellai.onmicrosoft.com",
            "required_resource_access": [],
            "sign_in_audience": "AzureADMyOrg",
            "single_page_application": [
              {
                "redirect_uris": []
              }
            ],
            "support_url": "",
            "tags": [],
            "template_id": "",
            "terms_of_service_url": "",
            "timeouts": null,
            "web": [
              {
                "homepage_url": "",
                "implicit_grant": [
                  {
                    "access_token_issuance_enabled": false,
                    "id_token_issuance_enabled": false
                  }
                ],
                "logout_url": "",
                "redirect_uris": []
              }
            ]
          },
          "sensitive_attributes": [],
          "private": "eyJlMmJmYjczMC1lY2FhLTExZTYtOGY4OC0zNDM2M2JjN2M0YzAiOnsiY3JlYXRlIjo2MDAwMDAwMDAwMDAsImRlbGV0ZSI6MzAwMDAwMDAwMDAwLCJyZWFkIjozMDAwMDAwMDAwMDAsInVwZGF0ZSI6NjAwMDAwMDAwMDAwfSwic2NoZW1hX3ZlcnNpb24iOiIxIn0="
        }
      ]
    },
    {
      "mode": "managed",
      "type": "azuread_application",
      "name": "app_velero",
      "provider": "provider[\"registry.terraform.io/hashicorp/azuread\"]",
      "instances": [
        {
          "schema_version": 1,
          "attributes": {
            "api": [
              {
                "known_client_applications": [],
                "mapped_claims_enabled": false,
                "oauth2_permission_scope": [],
                "requested_access_token_version": 1
              }
            ],
            "app_role": [],
            "app_role_ids": {},
            "application_id": "3f89312d-75fd-478f-a71a-299bbf11cb17",
            "device_only_auth_enabled": false,
            "disabled_by_microsoft": "\u003cnil\u003e",
            "display_name": "spn_velero",
            "fallback_public_client_enabled": false,
            "feature_tags": [
              {
                "custom_single_sign_on": false,
                "enterprise": false,
                "gallery": false,
                "hide": false
              }
            ],
            "group_membership_claims": [],
            "id": "70985e84-f10a-430e-9089-24526022f8c9",
            "identifier_uris": [],
            "logo_image": "",
            "logo_url": "",
            "marketing_url": "",
            "oauth2_permission_scope_ids": {},
            "oauth2_post_response_required": false,
            "object_id": "70985e84-f10a-430e-9089-24526022f8c9",
            "optional_claims": [
              {
                "access_token": [],
                "id_token": [],
                "saml2_token": []
              }
            ],
            "owners": [],
            "prevent_duplicate_names": false,
            "privacy_statement_url": "",
            "public_client": [
              {
                "redirect_uris": []
              }
            ],
            "publisher_domain": "houssemdellai.onmicrosoft.com",
            "required_resource_access": [],
            "sign_in_audience": "AzureADMyOrg",
            "single_page_application": [
              {
                "redirect_uris": []
              }
            ],
            "support_url": "",
            "tags": [],
            "template_id": "",
            "terms_of_service_url": "",
            "timeouts": null,
            "web": [
              {
                "homepage_url": "",
                "implicit_grant": [
                  {
                    "access_token_issuance_enabled": false,
                    "id_token_issuance_enabled": false
                  }
                ],
                "logout_url": "",
                "redirect_uris": []
              }
            ]
          },
          "sensitive_attributes": [],
          "private": "eyJlMmJmYjczMC1lY2FhLTExZTYtOGY4OC0zNDM2M2JjN2M0YzAiOnsiY3JlYXRlIjo2MDAwMDAwMDAwMDAsImRlbGV0ZSI6MzAwMDAwMDAwMDAwLCJyZWFkIjozMDAwMDAwMDAwMDAsInVwZGF0ZSI6NjAwMDAwMDAwMDAwfSwic2NoZW1hX3ZlcnNpb24iOiIxIn0="
        }
      ]
    },
    {
      "mode": "managed",
      "type": "azuread_group_member",
      "name": "spn_aks_helm_aks_admin",
      "provider": "provider[\"registry.terraform.io/hashicorp/azuread\"]",
      "instances": [
        {
          "schema_version": 0,
          "attributes": {
            "group_object_id": "d2bfe8b5-d516-4b16-9e9a-e3c4310798ca",
            "id": "d2bfe8b5-d516-4b16-9e9a-e3c4310798ca/member/c52395ad-3b58-4d79-b4f2-5b1aebeeedba",
            "member_object_id": "c52395ad-3b58-4d79-b4f2-5b1aebeeedba",
            "timeouts": null
          },
          "sensitive_attributes": [],
          "private": "eyJlMmJmYjczMC1lY2FhLTExZTYtOGY4OC0zNDM2M2JjN2M0YzAiOnsiY3JlYXRlIjozMDAwMDAwMDAwMDAsImRlbGV0ZSI6MzAwMDAwMDAwMDAwLCJyZWFkIjozMDAwMDAwMDAwMDAsInVwZGF0ZSI6MzAwMDAwMDAwMDAwfX0=",
          "dependencies": [
            "azuread_application.app_aks_helm",
            "azuread_service_principal.spn_aks_helm",
            "data.azuread_group.aks_admins"
          ]
        }
      ]
    },
    {
      "mode": "managed",
      "type": "azuread_service_principal",
      "name": "spn_aks_helm",
      "provider": "provider[\"registry.terraform.io/hashicorp/azuread\"]",
      "instances": [
        {
          "schema_version": 0,
          "attributes": {
            "account_enabled": true,
            "alternative_names": null,
            "app_role_assignment_required": false,
            "app_role_ids": {},
            "app_roles": [],
            "application_id": "dd5f7182-68d4-40ca-82d3-36c109a53b29",
            "application_tenant_id": "558506eb-9459-4ef3-b920-ad55c555e729",
            "description": "",
            "display_name": "spn_aks_helm",
            "feature_tags": [
              {
                "custom_single_sign_on": false,
                "enterprise": false,
                "gallery": false,
                "hide": false
              }
            ],
            "features": [
              {
                "custom_single_sign_on_app": false,
                "enterprise_application": false,
                "gallery_application": false,
                "visible_to_users": true
              }
            ],
            "homepage_url": "",
            "id": "c52395ad-3b58-4d79-b4f2-5b1aebeeedba",
            "login_url": "",
            "logout_url": "",
            "notes": "",
            "notification_email_addresses": null,
            "oauth2_permission_scope_ids": {},
            "oauth2_permission_scopes": [],
            "object_id": "c52395ad-3b58-4d79-b4f2-5b1aebeeedba",
            "owners": null,
            "preferred_single_sign_on_mode": "",
            "redirect_uris": [],
            "saml_metadata_url": "",
            "saml_single_sign_on": [
              {
                "relay_state": ""
              }
            ],
            "service_principal_names": [],
            "sign_in_audience": "AzureADMyOrg",
            "tags": [],
            "timeouts": null,
            "type": "Application",
            "use_existing": null
          },
          "sensitive_attributes": [],
          "private": "eyJlMmJmYjczMC1lY2FhLTExZTYtOGY4OC0zNDM2M2JjN2M0YzAiOnsiY3JlYXRlIjo2MDAwMDAwMDAwMDAsImRlbGV0ZSI6MzAwMDAwMDAwMDAwLCJyZWFkIjozMDAwMDAwMDAwMDAsInVwZGF0ZSI6NjAwMDAwMDAwMDAwfX0=",
          "dependencies": [
            "azuread_application.app_aks_helm"
          ]
        }
      ]
    },
    {
      "mode": "managed",
      "type": "azuread_service_principal",
      "name": "spn_kubecost",
      "provider": "provider[\"registry.terraform.io/hashicorp/azuread\"]",
      "instances": [
        {
          "schema_version": 0,
          "attributes": {
            "account_enabled": true,
            "alternative_names": [],
            "app_role_assignment_required": false,
            "app_role_ids": {},
            "app_roles": [],
            "application_id": "473826d7-3496-4c47-bae4-27b99d167add",
            "application_tenant_id": "558506eb-9459-4ef3-b920-ad55c555e729",
            "description": "",
            "display_name": "spn_kubecost",
            "feature_tags": [
              {
                "custom_single_sign_on": false,
                "enterprise": false,
                "gallery": false,
                "hide": false
              }
            ],
            "features": [
              {
                "custom_single_sign_on_app": false,
                "enterprise_application": false,
                "gallery_application": false,
                "visible_to_users": true
              }
            ],
            "homepage_url": "",
            "id": "58ad5a20-bd0c-4bbb-9259-3ae7d5653649",
            "login_url": "",
            "logout_url": "",
            "notes": "",
            "notification_email_addresses": [],
            "oauth2_permission_scope_ids": {},
            "oauth2_permission_scopes": [],
            "object_id": "58ad5a20-bd0c-4bbb-9259-3ae7d5653649",
            "owners": [],
            "preferred_single_sign_on_mode": "",
            "redirect_uris": [],
            "saml_metadata_url": "",
            "saml_single_sign_on": [
              {
                "relay_state": ""
              }
            ],
            "service_principal_names": [],
            "sign_in_audience": "AzureADMyOrg",
            "tags": [],
            "timeouts": null,
            "type": "Application",
            "use_existing": null
          },
          "sensitive_attributes": [],
          "private": "eyJlMmJmYjczMC1lY2FhLTExZTYtOGY4OC0zNDM2M2JjN2M0YzAiOnsiY3JlYXRlIjo2MDAwMDAwMDAwMDAsImRlbGV0ZSI6MzAwMDAwMDAwMDAwLCJyZWFkIjozMDAwMDAwMDAwMDAsInVwZGF0ZSI6NjAwMDAwMDAwMDAwfX0=",
          "dependencies": [
            "azuread_application.app_kubecost"
          ]
        }
      ]
    },
    {
      "mode": "managed",
      "type": "azuread_service_principal",
      "name": "spn_velero",
      "provider": "provider[\"registry.terraform.io/hashicorp/azuread\"]",
      "instances": [
        {
          "schema_version": 0,
          "attributes": {
            "account_enabled": true,
            "alternative_names": [],
            "app_role_assignment_required": false,
            "app_role_ids": {},
            "app_roles": [],
            "application_id": "3f89312d-75fd-478f-a71a-299bbf11cb17",
            "application_tenant_id": "558506eb-9459-4ef3-b920-ad55c555e729",
            "description": "",
            "display_name": "spn_velero",
            "feature_tags": [
              {
                "custom_single_sign_on": false,
                "enterprise": false,
                "gallery": false,
                "hide": false
              }
            ],
            "features": [
              {
                "custom_single_sign_on_app": false,
                "enterprise_application": false,
                "gallery_application": false,
                "visible_to_users": true
              }
            ],
            "homepage_url": "",
            "id": "bf2d07e4-97bb-4876-84ac-86623abdad53",
            "login_url": "",
            "logout_url": "",
            "notes": "",
            "notification_email_addresses": [],
            "oauth2_permission_scope_ids": {},
            "oauth2_permission_scopes": [],
            "object_id": "bf2d07e4-97bb-4876-84ac-86623abdad53",
            "owners": [],
            "preferred_single_sign_on_mode": "",
            "redirect_uris": [],
            "saml_metadata_url": "",
            "saml_single_sign_on": [
              {
                "relay_state": ""
              }
            ],
            "service_principal_names": [],
            "sign_in_audience": "AzureADMyOrg",
            "tags": [],
            "timeouts": null,
            "type": "Application",
            "use_existing": null
          },
          "sensitive_attributes": [],
          "private": "eyJlMmJmYjczMC1lY2FhLTExZTYtOGY4OC0zNDM2M2JjN2M0YzAiOnsiY3JlYXRlIjo2MDAwMDAwMDAwMDAsImRlbGV0ZSI6MzAwMDAwMDAwMDAwLCJyZWFkIjozMDAwMDAwMDAwMDAsInVwZGF0ZSI6NjAwMDAwMDAwMDAwfX0=",
          "dependencies": [
            "azuread_application.app_velero"
          ]
        }
      ]
    },
    {
      "mode": "managed",
      "type": "azuread_service_principal_password",
      "name": "password_spn_aks_helm",
      "provider": "provider[\"registry.terraform.io/hashicorp/azuread\"]",
      "instances": [
        {
          "schema_version": 1,
          "attributes": {
            "display_name": null,
            "end_date": "2024-06-23T11:49:31Z",
            "end_date_relative": null,
            "id": "c52395ad-3b58-4d79-b4f2-5b1aebeeedba/password/c6ad4e82-42df-4c10-a77c-28a78a432b21",
            "key_id": "c6ad4e82-42df-4c10-a77c-28a78a432b21",
            "rotate_when_changed": null,
            "service_principal_id": "c52395ad-3b58-4d79-b4f2-5b1aebeeedba",
            "start_date": "2022-06-23T11:49:31Z",
            "timeouts": null,
            "value": "I1d8Q~DxOmue24mKGi3ZRanMbBk1TAkxRyHCjcap"
          },
          "sensitive_attributes": [],
          "private": "eyJlMmJmYjczMC1lY2FhLTExZTYtOGY4OC0zNDM2M2JjN2M0YzAiOnsiY3JlYXRlIjozMDAwMDAwMDAwMDAsImRlbGV0ZSI6MzAwMDAwMDAwMDAwLCJyZWFkIjozMDAwMDAwMDAwMDAsInVwZGF0ZSI6MzAwMDAwMDAwMDAwfSwic2NoZW1hX3ZlcnNpb24iOiIxIn0=",
          "dependencies": [
            "azuread_application.app_aks_helm",
            "azuread_service_principal.spn_aks_helm"
          ]
        }
      ]
    },
    {
      "mode": "managed",
      "type": "azuread_service_principal_password",
      "name": "password_spn_kubecost",
      "provider": "provider[\"registry.terraform.io/hashicorp/azuread\"]",
      "instances": [
        {
          "schema_version": 1,
          "attributes": {
            "display_name": null,
            "end_date": "2024-06-23T10:42:36Z",
            "end_date_relative": null,
            "id": "58ad5a20-bd0c-4bbb-9259-3ae7d5653649/password/2109767c-dd0d-4a48-8d8a-954048ae979f",
            "key_id": "2109767c-dd0d-4a48-8d8a-954048ae979f",
            "rotate_when_changed": null,
            "service_principal_id": "58ad5a20-bd0c-4bbb-9259-3ae7d5653649",
            "start_date": "2022-06-23T10:42:36Z",
            "timeouts": null,
            "value": "xVy8Q~59VHsW_oq4Rx1jFgBf.LZte52xuzhobbT1"
          },
          "sensitive_attributes": [],
          "private": "eyJlMmJmYjczMC1lY2FhLTExZTYtOGY4OC0zNDM2M2JjN2M0YzAiOnsiY3JlYXRlIjozMDAwMDAwMDAwMDAsImRlbGV0ZSI6MzAwMDAwMDAwMDAwLCJyZWFkIjozMDAwMDAwMDAwMDAsInVwZGF0ZSI6MzAwMDAwMDAwMDAwfSwic2NoZW1hX3ZlcnNpb24iOiIxIn0=",
          "dependencies": [
            "azuread_application.app_kubecost",
            "azuread_service_principal.spn_kubecost"
          ]
        }
      ]
    },
    {
      "mode": "managed",
      "type": "azuread_service_principal_password",
      "name": "password_spn_velero",
      "provider": "provider[\"registry.terraform.io/hashicorp/azuread\"]",
      "instances": [
        {
          "schema_version": 1,
          "attributes": {
            "display_name": null,
            "end_date": "2024-06-23T10:42:36Z",
            "end_date_relative": null,
            "id": "bf2d07e4-97bb-4876-84ac-86623abdad53/password/8178e545-dc69-4c45-8a7f-0741b9512c03",
            "key_id": "8178e545-dc69-4c45-8a7f-0741b9512c03",
            "rotate_when_changed": null,
            "service_principal_id": "bf2d07e4-97bb-4876-84ac-86623abdad53",
            "start_date": "2022-06-23T10:42:36Z",
            "timeouts": null,
            "value": "flP8Q~fJP9mwae2UCkCSAXq3WBbdRodW1yZRecf9"
          },
          "sensitive_attributes": [],
          "private": "eyJlMmJmYjczMC1lY2FhLTExZTYtOGY4OC0zNDM2M2JjN2M0YzAiOnsiY3JlYXRlIjozMDAwMDAwMDAwMDAsImRlbGV0ZSI6MzAwMDAwMDAwMDAwLCJyZWFkIjozMDAwMDAwMDAwMDAsInVwZGF0ZSI6MzAwMDAwMDAwMDAwfSwic2NoZW1hX3ZlcnNpb24iOiIxIn0=",
          "dependencies": [
            "azuread_application.app_velero",
            "azuread_service_principal.spn_velero"
          ]
        }
      ]
    },
    {
      "mode": "managed",
      "type": "azurerm_resource_group",
      "name": "aks_backups",
      "provider": "provider[\"registry.terraform.io/hashicorp/azurerm\"]",
      "instances": [
        {
          "schema_version": 0,
          "attributes": {
            "id": "/subscriptions/7b1f7584-2f78-4923-851d-04a91bb32a57/resourceGroups/rg-aks-cluster-backups",
            "location": "northeurope",
            "name": "rg-aks-cluster-backups",
            "tags": {
              "environment": "development",
              "source": "terraform"
            },
            "timeouts": null
          },
          "sensitive_attributes": [],
          "private": "eyJlMmJmYjczMC1lY2FhLTExZTYtOGY4OC0zNDM2M2JjN2M0YzAiOnsiY3JlYXRlIjo1NDAwMDAwMDAwMDAwLCJkZWxldGUiOjU0MDAwMDAwMDAwMDAsInJlYWQiOjMwMDAwMDAwMDAwMCwidXBkYXRlIjo1NDAwMDAwMDAwMDAwfX0="
        }
      ]
    },
    {
      "mode": "managed",
      "type": "azurerm_role_assignment",
      "name": "kubecost",
      "provider": "provider[\"registry.terraform.io/hashicorp/azurerm\"]",
      "instances": []
    },
    {
      "mode": "managed",
      "type": "azurerm_role_assignment",
      "name": "spn_velero_aks_node_rg",
      "provider": "provider[\"registry.terraform.io/hashicorp/azurerm\"]",
      "instances": [
        {
          "schema_version": 0,
          "attributes": {
            "condition": "",
            "condition_version": "",
            "delegated_managed_identity_resource_id": "",
            "description": "",
            "id": "/subscriptions/7b1f7584-2f78-4923-851d-04a91bb32a57/resourceGroups/rg-aks-cluster-managed/providers/Microsoft.Authorization/roleAssignments/545517ce-626a-0094-d3dc-65fe4c62cc79",
            "name": "545517ce-626a-0094-d3dc-65fe4c62cc79",
            "principal_id": "bf2d07e4-97bb-4876-84ac-86623abdad53",
            "principal_type": "ServicePrincipal",
            "role_definition_id": "/subscriptions/7b1f7584-2f78-4923-851d-04a91bb32a57/providers/Microsoft.Authorization/roleDefinitions/b24988ac-6180-42a0-ab88-20f7382dd24c",
            "role_definition_name": "Contributor",
            "scope": "/subscriptions/7b1f7584-2f78-4923-851d-04a91bb32a57/resourceGroups/rg-aks-cluster-managed",
            "skip_service_principal_aad_check": null,
            "timeouts": null
          },
          "sensitive_attributes": [],
          "private": "eyJlMmJmYjczMC1lY2FhLTExZTYtOGY4OC0zNDM2M2JjN2M0YzAiOnsiY3JlYXRlIjoxODAwMDAwMDAwMDAwLCJkZWxldGUiOjE4MDAwMDAwMDAwMDAsInJlYWQiOjMwMDAwMDAwMDAwMCwidXBkYXRlIjoxODAwMDAwMDAwMDAwfX0=",
          "dependencies": [
            "azuread_application.app_velero",
            "azuread_service_principal.spn_velero",
            "data.azurerm_kubernetes_cluster.aks",
            "data.azurerm_subscription.current"
          ]
        }
      ]
    },
    {
      "mode": "managed",
      "type": "azurerm_role_assignment",
      "name": "spn_velero_backup_rg",
      "provider": "provider[\"registry.terraform.io/hashicorp/azurerm\"]",
      "instances": [
        {
          "schema_version": 0,
          "attributes": {
            "condition": "",
            "condition_version": "",
            "delegated_managed_identity_resource_id": "",
            "description": "",
            "id": "/subscriptions/7b1f7584-2f78-4923-851d-04a91bb32a57/resourceGroups/rg-aks-cluster-backups/providers/Microsoft.Authorization/roleAssignments/bfc3b6b6-ad40-2e03-4974-40b977414291",
            "name": "bfc3b6b6-ad40-2e03-4974-40b977414291",
            "principal_id": "bf2d07e4-97bb-4876-84ac-86623abdad53",
            "principal_type": "ServicePrincipal",
            "role_definition_id": "/subscriptions/7b1f7584-2f78-4923-851d-04a91bb32a57/providers/Microsoft.Authorization/roleDefinitions/b24988ac-6180-42a0-ab88-20f7382dd24c",
            "role_definition_name": "Contributor",
            "scope": "/subscriptions/7b1f7584-2f78-4923-851d-04a91bb32a57/resourceGroups/rg-aks-cluster-backups",
            "skip_service_principal_aad_check": null,
            "timeouts": null
          },
          "sensitive_attributes": [],
          "private": "eyJlMmJmYjczMC1lY2FhLTExZTYtOGY4OC0zNDM2M2JjN2M0YzAiOnsiY3JlYXRlIjoxODAwMDAwMDAwMDAwLCJkZWxldGUiOjE4MDAwMDAwMDAwMDAsInJlYWQiOjMwMDAwMDAwMDAwMCwidXBkYXRlIjoxODAwMDAwMDAwMDAwfX0=",
          "dependencies": [
            "azuread_application.app_velero",
            "azuread_service_principal.spn_velero",
            "azurerm_resource_group.aks_backups"
          ]
        }
      ]
    },
    {
      "mode": "managed",
      "type": "azurerm_role_assignment",
      "name": "spn_velero_backup_storage",
      "provider": "provider[\"registry.terraform.io/hashicorp/azurerm\"]",
      "instances": [
        {
          "schema_version": 0,
          "attributes": {
            "condition": "",
            "condition_version": "",
            "delegated_managed_identity_resource_id": "",
            "description": "",
            "id": "/subscriptions/7b1f7584-2f78-4923-851d-04a91bb32a57/resourceGroups/rg-aks-cluster-backups/providers/Microsoft.Storage/storageAccounts/storageforaksbackup001/providers/Microsoft.Authorization/roleAssignments/3d3bd1f9-e455-04a7-70df-677b8c402c2d",
            "name": "3d3bd1f9-e455-04a7-70df-677b8c402c2d",
            "principal_id": "bf2d07e4-97bb-4876-84ac-86623abdad53",
            "principal_type": "ServicePrincipal",
            "role_definition_id": "/subscriptions/7b1f7584-2f78-4923-851d-04a91bb32a57/providers/Microsoft.Authorization/roleDefinitions/b24988ac-6180-42a0-ab88-20f7382dd24c",
            "role_definition_name": "Contributor",
            "scope": "/subscriptions/7b1f7584-2f78-4923-851d-04a91bb32a57/resourceGroups/rg-aks-cluster-backups/providers/Microsoft.Storage/storageAccounts/storageforaksbackup001",
            "skip_service_principal_aad_check": null,
            "timeouts": null
          },
          "sensitive_attributes": [],
          "private": "eyJlMmJmYjczMC1lY2FhLTExZTYtOGY4OC0zNDM2M2JjN2M0YzAiOnsiY3JlYXRlIjoxODAwMDAwMDAwMDAwLCJkZWxldGUiOjE4MDAwMDAwMDAwMDAsInJlYWQiOjMwMDAwMDAwMDAwMCwidXBkYXRlIjoxODAwMDAwMDAwMDAwfX0=",
          "dependencies": [
            "azuread_application.app_velero",
            "azuread_service_principal.spn_velero",
            "azurerm_resource_group.aks_backups",
            "azurerm_storage_account.aks_backups"
          ]
        }
      ]
    },
    {
      "mode": "managed",
      "type": "azurerm_role_assignment",
      "name": "spn_velero_backup_storage_key_operator",
      "provider": "provider[\"registry.terraform.io/hashicorp/azurerm\"]",
      "instances": [
        {
          "schema_version": 0,
          "attributes": {
            "condition": "",
            "condition_version": "",
            "delegated_managed_identity_resource_id": "",
            "description": "",
            "id": "/subscriptions/7b1f7584-2f78-4923-851d-04a91bb32a57/resourceGroups/rg-aks-cluster-backups/providers/Microsoft.Storage/storageAccounts/storageforaksbackup001/providers/Microsoft.Authorization/roleAssignments/e15c6277-4a41-6b73-100b-46ec9e8b03df",
            "name": "e15c6277-4a41-6b73-100b-46ec9e8b03df",
            "principal_id": "bf2d07e4-97bb-4876-84ac-86623abdad53",
            "principal_type": "ServicePrincipal",
            "role_definition_id": "/subscriptions/7b1f7584-2f78-4923-851d-04a91bb32a57/providers/Microsoft.Authorization/roleDefinitions/81a9662b-bebf-436f-a333-f67b29880f12",
            "role_definition_name": "Storage Account Key Operator Service Role",
            "scope": "/subscriptions/7b1f7584-2f78-4923-851d-04a91bb32a57/resourceGroups/rg-aks-cluster-backups/providers/Microsoft.Storage/storageAccounts/storageforaksbackup001",
            "skip_service_principal_aad_check": null,
            "timeouts": null
          },
          "sensitive_attributes": [],
          "private": "eyJlMmJmYjczMC1lY2FhLTExZTYtOGY4OC0zNDM2M2JjN2M0YzAiOnsiY3JlYXRlIjoxODAwMDAwMDAwMDAwLCJkZWxldGUiOjE4MDAwMDAwMDAwMDAsInJlYWQiOjMwMDAwMDAwMDAwMCwidXBkYXRlIjoxODAwMDAwMDAwMDAwfX0=",
          "dependencies": [
            "azuread_application.app_velero",
            "azuread_service_principal.spn_velero",
            "azurerm_resource_group.aks_backups",
            "azurerm_storage_account.aks_backups"
          ]
        }
      ]
    },
    {
      "mode": "managed",
      "type": "azurerm_storage_account",
      "name": "aks_backups",
      "provider": "provider[\"registry.terraform.io/hashicorp/azurerm\"]",
      "instances": [
        {
          "schema_version": 3,
          "attributes": {
            "access_tier": "Hot",
            "account_kind": "StorageV2",
            "account_replication_type": "GRS",
            "account_tier": "Standard",
            "allow_nested_items_to_be_public": true,
            "azure_files_authentication": [],
            "blob_properties": [
              {
                "change_feed_enabled": false,
                "container_delete_retention_policy": [],
                "cors_rule": [],
                "default_service_version": "",
                "delete_retention_policy": [],
                "last_access_time_enabled": false,
                "versioning_enabled": false
              }
            ],
            "cross_tenant_replication_enabled": true,
            "custom_domain": [],
            "customer_managed_key": [],
            "edge_zone": "",
            "enable_https_traffic_only": true,
            "id": "/subscriptions/7b1f7584-2f78-4923-851d-04a91bb32a57/resourceGroups/rg-aks-cluster-backups/providers/Microsoft.Storage/storageAccounts/storageforaksbackup001",
            "identity": [],
            "infrastructure_encryption_enabled": false,
            "is_hns_enabled": false,
            "large_file_share_enabled": null,
            "location": "northeurope",
            "min_tls_version": "TLS1_2",
            "name": "storageforaksbackup001",
            "network_rules": [
              {
                "bypass": [
                  "AzureServices"
                ],
                "default_action": "Allow",
                "ip_rules": [],
                "private_link_access": [],
                "virtual_network_subnet_ids": []
              }
            ],
            "nfsv3_enabled": false,
            "primary_access_key": "tTnvoTwxRNciLG7YP1ouLAtnlur6CAca2w3TAXeigHlk+J2jhPDWhiMQqRGiHLF3LxKaAdTmaHFw+AStFDxPBA==",
            "primary_blob_connection_string": "DefaultEndpointsProtocol=https;BlobEndpoint=https://storageforaksbackup001.blob.core.windows.net/;AccountName=storageforaksbackup001;AccountKey=tTnvoTwxRNciLG7YP1ouLAtnlur6CAca2w3TAXeigHlk+J2jhPDWhiMQqRGiHLF3LxKaAdTmaHFw+AStFDxPBA==",
            "primary_blob_endpoint": "https://storageforaksbackup001.blob.core.windows.net/",
            "primary_blob_host": "storageforaksbackup001.blob.core.windows.net",
            "primary_connection_string": "DefaultEndpointsProtocol=https;AccountName=storageforaksbackup001;AccountKey=tTnvoTwxRNciLG7YP1ouLAtnlur6CAca2w3TAXeigHlk+J2jhPDWhiMQqRGiHLF3LxKaAdTmaHFw+AStFDxPBA==;EndpointSuffix=core.windows.net",
            "primary_dfs_endpoint": "https://storageforaksbackup001.dfs.core.windows.net/",
            "primary_dfs_host": "storageforaksbackup001.dfs.core.windows.net",
            "primary_file_endpoint": "https://storageforaksbackup001.file.core.windows.net/",
            "primary_file_host": "storageforaksbackup001.file.core.windows.net",
            "primary_location": "northeurope",
            "primary_queue_endpoint": "https://storageforaksbackup001.queue.core.windows.net/",
            "primary_queue_host": "storageforaksbackup001.queue.core.windows.net",
            "primary_table_endpoint": "https://storageforaksbackup001.table.core.windows.net/",
            "primary_table_host": "storageforaksbackup001.table.core.windows.net",
            "primary_web_endpoint": "https://storageforaksbackup001.z16.web.core.windows.net/",
            "primary_web_host": "storageforaksbackup001.z16.web.core.windows.net",
            "queue_encryption_key_type": "Service",
            "queue_properties": [
              {
                "cors_rule": [],
                "hour_metrics": [
                  {
                    "enabled": true,
                    "include_apis": true,
                    "retention_policy_days": 7,
                    "version": "1.0"
                  }
                ],
                "logging": [
                  {
                    "delete": false,
                    "read": false,
                    "retention_policy_days": 0,
                    "version": "1.0",
                    "write": false
                  }
                ],
                "minute_metrics": [
                  {
                    "enabled": false,
                    "include_apis": false,
                    "retention_policy_days": 0,
                    "version": "1.0"
                  }
                ]
              }
            ],
            "resource_group_name": "rg-aks-cluster-backups",
            "routing": [],
            "secondary_access_key": "k4RL41F7tTKd7xDD0GOUYPtTZUjh1zz8kBtyEYYVLZMX69m4YrztzoqQ2pOpS3KnSNhpk5qU5Wdx+AStFFiumg==",
            "secondary_blob_connection_string": "",
            "secondary_blob_endpoint": null,
            "secondary_blob_host": null,
            "secondary_connection_string": "DefaultEndpointsProtocol=https;AccountName=storageforaksbackup001;AccountKey=k4RL41F7tTKd7xDD0GOUYPtTZUjh1zz8kBtyEYYVLZMX69m4YrztzoqQ2pOpS3KnSNhpk5qU5Wdx+AStFFiumg==;EndpointSuffix=core.windows.net",
            "secondary_dfs_endpoint": null,
            "secondary_dfs_host": null,
            "secondary_file_endpoint": null,
            "secondary_file_host": null,
            "secondary_location": "westeurope",
            "secondary_queue_endpoint": null,
            "secondary_queue_host": null,
            "secondary_table_endpoint": null,
            "secondary_table_host": null,
            "secondary_web_endpoint": null,
            "secondary_web_host": null,
            "share_properties": [
              {
                "cors_rule": [],
                "retention_policy": [
                  {
                    "days": 7
                  }
                ],
                "smb": []
              }
            ],
            "shared_access_key_enabled": true,
            "static_website": [],
            "table_encryption_key_type": "Service",
            "tags": {
              "environment": "development",
              "source": "terraform"
            },
            "timeouts": null
          },
          "sensitive_attributes": [],
          "private": "eyJlMmJmYjczMC1lY2FhLTExZTYtOGY4OC0zNDM2M2JjN2M0YzAiOnsiY3JlYXRlIjozNjAwMDAwMDAwMDAwLCJkZWxldGUiOjM2MDAwMDAwMDAwMDAsInJlYWQiOjMwMDAwMDAwMDAwMCwidXBkYXRlIjozNjAwMDAwMDAwMDAwfSwic2NoZW1hX3ZlcnNpb24iOiIzIn0=",
          "dependencies": [
            "azurerm_resource_group.aks_backups"
          ]
        }
      ]
    },
    {
      "mode": "managed",
      "type": "azurerm_storage_container",
      "name": "aks_backups",
      "provider": "provider[\"registry.terraform.io/hashicorp/azurerm\"]",
      "instances": [
        {
          "schema_version": 1,
          "attributes": {
            "container_access_type": "private",
            "has_immutability_policy": false,
            "has_legal_hold": false,
            "id": "https://storageforaksbackup001.blob.core.windows.net/velero",
            "metadata": {},
            "name": "velero",
            "resource_manager_id": "/subscriptions/7b1f7584-2f78-4923-851d-04a91bb32a57/resourceGroups/rg-aks-cluster-backups/providers/Microsoft.Storage/storageAccounts/storageforaksbackup001/blobServices/default/containers/velero",
            "storage_account_name": "storageforaksbackup001",
            "timeouts": null
          },
          "sensitive_attributes": [],
          "private": "eyJlMmJmYjczMC1lY2FhLTExZTYtOGY4OC0zNDM2M2JjN2M0YzAiOnsiY3JlYXRlIjoxODAwMDAwMDAwMDAwLCJkZWxldGUiOjE4MDAwMDAwMDAwMDAsInJlYWQiOjMwMDAwMDAwMDAwMCwidXBkYXRlIjoxODAwMDAwMDAwMDAwfSwic2NoZW1hX3ZlcnNpb24iOiIxIn0=",
          "dependencies": [
            "azurerm_resource_group.aks_backups",
            "azurerm_storage_account.aks_backups"
          ]
        }
      ]
    },
    {
      "mode": "managed",
      "type": "helm_release",
      "name": "argo_cd",
      "provider": "provider[\"registry.terraform.io/hashicorp/helm\"].aks-module",
      "instances": [
        {
          "schema_version": 0,
          "attributes": {
            "atomic": false,
            "chart": "argo-cd",
            "cleanup_on_fail": false,
            "create_namespace": false,
            "dependency_update": false,
            "description": null,
            "devel": null,
            "disable_crd_hooks": false,
            "disable_openapi_validation": false,
            "disable_webhooks": false,
            "force_update": false,
            "id": "argo",
            "keyring": null,
            "lint": false,
            "manifest": null,
            "max_history": 0,
            "metadata": [
              {
                "app_version": "v2.3.4",
                "chart": "argo-cd",
                "name": "argo",
                "namespace": "gitops",
                "revision": 1,
                "values": "{\"server\":{\"ingress\":{\"annotations\":{\"nginx.ingress.kubernetes.io/rewrite-target\":\"/$1\",\"nginx.ingress.kubernetes.io/ssl-redirect\":\"false\",\"nginx.ingress.kubernetes.io/use-regex\":\"true\"},\"enabled\":true,\"https\":true,\"ingressClassName\":\"nginx\",\"pathType\":\"Prefix\",\"paths\":[\"/argocd(.*)\"]}}}",
                "version": "4.8.2"
              }
            ],
            "name": "argo",
            "namespace": "gitops",
            "pass_credentials": false,
            "postrender": [],
            "recreate_pods": false,
            "render_subchart_notes": true,
            "replace": false,
            "repository": "https://argoproj.github.io/argo-helm",
            "repository_ca_file": null,
            "repository_cert_file": null,
            "repository_key_file": null,
            "repository_password": null,
            "repository_username": null,
            "reset_values": false,
            "reuse_values": false,
            "set": [
              {
                "name": "server.ingress.annotations.nginx\\.ingress\\.kubernetes\\.io/rewrite-target",
                "type": "",
                "value": "/$1"
              },
              {
                "name": "server.ingress.annotations.nginx\\.ingress\\.kubernetes\\.io/ssl-redirect",
                "type": "string",
                "value": "false"
              },
              {
                "name": "server.ingress.annotations.nginx\\.ingress\\.kubernetes\\.io/use-regex",
                "type": "string",
                "value": "true"
              },
              {
                "name": "server.ingress.enabled",
                "type": "",
                "value": "true"
              },
              {
                "name": "server.ingress.https",
                "type": "",
                "value": "true"
              },
              {
                "name": "server.ingress.ingressClassName",
                "type": "",
                "value": "nginx"
              },
              {
                "name": "server.ingress.pathType",
                "type": "",
                "value": "Prefix"
              },
              {
                "name": "server.ingress.paths",
                "type": "",
                "value": "{/argocd(.*)}"
              }
            ],
            "set_sensitive": [],
            "skip_crds": false,
            "status": "deployed",
            "timeout": 300,
            "values": null,
            "verify": false,
            "version": "4.8.2",
            "wait": true,
            "wait_for_jobs": false
          },
          "sensitive_attributes": [],
          "private": "bnVsbA==",
          "dependencies": [
            "azuread_application.app_aks_helm",
            "azuread_service_principal.spn_aks_helm",
            "azuread_service_principal_password.password_spn_aks_helm",
            "data.azuread_service_principal.aks_aad_server",
            "data.azurerm_kubernetes_cluster.aks",
            "data.azurerm_subscription.current",
            "kubernetes_namespace.argo_cd"
          ]
        }
      ]
    },
    {
      "mode": "managed",
      "type": "helm_release",
      "name": "harbor",
      "provider": "provider[\"registry.terraform.io/hashicorp/helm\"].aks-module",
      "instances": [
        {
          "status": "tainted",
          "schema_version": 0,
          "attributes": {
            "atomic": false,
            "chart": "harbor",
            "cleanup_on_fail": false,
            "create_namespace": false,
            "dependency_update": false,
            "description": null,
            "devel": null,
            "disable_crd_hooks": false,
            "disable_openapi_validation": false,
            "disable_webhooks": false,
            "force_update": false,
            "id": "harbor",
            "keyring": null,
            "lint": false,
            "manifest": null,
            "max_history": 0,
            "metadata": [
              {
                "app_version": "2.5.1",
                "chart": "harbor",
                "name": "harbor",
                "namespace": "harbor",
                "revision": 1,
                "values": "{\"clair\":{\"enabled\":true},\"expose\":{\"ingress\":{\"className\":\"nginx\"},\"type\":\"ingress\"},\"harborAdminPassword\":\"@Aa123456789\",\"notary\":{\"enabled\":true},\"persistence\":{\"enabled\":true},\"trace\":{\"enabled\":true},\"trivy\":{\"enabled\":true}}",
                "version": "1.9.1"
              }
            ],
            "name": "harbor",
            "namespace": "harbor",
            "pass_credentials": false,
            "postrender": [],
            "recreate_pods": false,
            "render_subchart_notes": true,
            "replace": false,
            "repository": "https://helm.goharbor.io",
            "repository_ca_file": null,
            "repository_cert_file": null,
            "repository_key_file": null,
            "repository_password": null,
            "repository_username": null,
            "reset_values": false,
            "reuse_values": false,
            "set": [
              {
                "name": "clair.enabled",
                "type": "",
                "value": "true"
              },
              {
                "name": "expose.ingress.className",
                "type": "",
                "value": "nginx"
              },
              {
                "name": "expose.type",
                "type": "",
                "value": "ingress"
              },
              {
                "name": "harborAdminPassword",
                "type": "",
                "value": "@Aa123456789"
              },
              {
                "name": "notary.enabled",
                "type": "",
                "value": "true"
              },
              {
                "name": "persistence.enabled",
                "type": "",
                "value": "true"
              },
              {
                "name": "trace.enabled",
                "type": "",
                "value": "true"
              },
              {
                "name": "trivy.enabled",
                "type": "",
                "value": "true"
              }
            ],
            "set_sensitive": [],
            "skip_crds": false,
            "status": "failed",
            "timeout": 300,
            "values": null,
            "verify": false,
            "version": "1.9.1",
            "wait": true,
            "wait_for_jobs": false
          },
          "sensitive_attributes": [],
          "private": "bnVsbA==",
          "dependencies": [
            "azuread_application.app_aks_helm",
            "azuread_service_principal.spn_aks_helm",
            "azuread_service_principal_password.password_spn_aks_helm",
            "data.azuread_service_principal.aks_aad_server",
            "data.azurerm_kubernetes_cluster.aks",
            "data.azurerm_subscription.current",
            "kubernetes_namespace.harbor"
          ]
        }
      ]
    },
    {
      "mode": "managed",
      "type": "helm_release",
      "name": "kubecost",
      "provider": "provider[\"registry.terraform.io/hashicorp/helm\"].aks-module",
      "instances": [
        {
          "schema_version": 0,
          "attributes": {
            "atomic": false,
            "chart": "cost-analyzer",
            "cleanup_on_fail": false,
            "create_namespace": false,
            "dependency_update": false,
            "description": null,
            "devel": null,
            "disable_crd_hooks": false,
            "disable_openapi_validation": false,
            "disable_webhooks": false,
            "force_update": false,
            "id": "kubecost",
            "keyring": null,
            "lint": false,
            "manifest": null,
            "max_history": 0,
            "metadata": [
              {
                "app_version": "1.91.2",
                "chart": "cost-analyzer",
                "name": "kubecost",
                "namespace": "finops",
                "revision": 1,
                "values": "{\"global\":{\"prometheus\":{\"enabled\":true}},\"kubecostProductConfigs\":{\"azureBillingRegion\":\"NL\",\"azureClientID\":\"473826d7-3496-4c47-bae4-27b99d167add\",\"azureClientPassword\":\"xVy8Q~59VHsW_oq4Rx1jFgBf.LZte52xuzhobbT1\",\"azureSubscriptionID\":\"7b1f7584-2f78-4923-851d-04a91bb32a57\",\"azureTenantID\":\"558506eb-9459-4ef3-b920-ad55c555e729\",\"clusterName\":\"aks-cluster\",\"createServiceKeySecret\":true,\"currencyCode\":\"EUR\"}}",
                "version": "1.91.2"
              }
            ],
            "name": "kubecost",
            "namespace": "finops",
            "pass_credentials": false,
            "postrender": [],
            "recreate_pods": false,
            "render_subchart_notes": true,
            "replace": false,
            "repository": "https://kubecost.github.io/cost-analyzer/",
            "repository_ca_file": null,
            "repository_cert_file": null,
            "repository_key_file": null,
            "repository_password": null,
            "repository_username": null,
            "reset_values": false,
            "reuse_values": false,
            "set": [
              {
                "name": "global.prometheus.enabled",
                "type": "",
                "value": "true"
              },
              {
                "name": "kubecostProductConfigs.azureBillingRegion",
                "type": "",
                "value": "NL"
              },
              {
                "name": "kubecostProductConfigs.azureClientID",
                "type": "",
                "value": "473826d7-3496-4c47-bae4-27b99d167add"
              },
              {
                "name": "kubecostProductConfigs.azureClientPassword",
                "type": "",
                "value": "xVy8Q~59VHsW_oq4Rx1jFgBf.LZte52xuzhobbT1"
              },
              {
                "name": "kubecostProductConfigs.azureSubscriptionID",
                "type": "",
                "value": "7b1f7584-2f78-4923-851d-04a91bb32a57"
              },
              {
                "name": "kubecostProductConfigs.azureTenantID",
                "type": "",
                "value": "558506eb-9459-4ef3-b920-ad55c555e729"
              },
              {
                "name": "kubecostProductConfigs.clusterName",
                "type": "",
                "value": "aks-cluster"
              },
              {
                "name": "kubecostProductConfigs.createServiceKeySecret",
                "type": "",
                "value": "true"
              },
              {
                "name": "kubecostProductConfigs.currencyCode",
                "type": "",
                "value": "EUR"
              }
            ],
            "set_sensitive": [],
            "skip_crds": false,
            "status": "deployed",
            "timeout": 300,
            "values": null,
            "verify": false,
            "version": "1.91.2",
            "wait": true,
            "wait_for_jobs": false
          },
          "sensitive_attributes": [
            [
              {
                "type": "get_attr",
                "value": "set"
              }
            ]
          ],
          "private": "bnVsbA==",
          "dependencies": [
            "azuread_application.app_aks_helm",
            "azuread_application.app_kubecost",
            "azuread_service_principal.spn_aks_helm",
            "azuread_service_principal_password.password_spn_aks_helm",
            "azuread_service_principal_password.password_spn_kubecost",
            "data.azuread_service_principal.aks_aad_server",
            "data.azurerm_kubernetes_cluster.aks",
            "data.azurerm_subscription.current",
            "kubernetes_namespace.kubecost"
          ]
        }
      ]
    },
    {
      "mode": "managed",
      "type": "helm_release",
      "name": "nginx_ingress",
      "provider": "provider[\"registry.terraform.io/hashicorp/helm\"].aks-module",
      "instances": [
        {
          "schema_version": 0,
          "attributes": {
            "atomic": false,
            "chart": "ingress-nginx",
            "cleanup_on_fail": false,
            "create_namespace": false,
            "dependency_update": false,
            "description": null,
            "devel": null,
            "disable_crd_hooks": false,
            "disable_openapi_validation": false,
            "disable_webhooks": false,
            "force_update": false,
            "id": "ingress-nginx",
            "keyring": null,
            "lint": false,
            "manifest": null,
            "max_history": 0,
            "metadata": [
              {
                "app_version": "1.2.1",
                "chart": "ingress-nginx",
                "name": "ingress-nginx",
                "namespace": "ingress",
                "revision": 1,
                "values": "{\"controller\":{\"autoscaling\":{\"enabled\":true,\"maxReplicas\":10,\"minReplicas\":2},\"service\":{\"internal\":{\"annotations\":{\"service.beta.kubernetes.io/azure-load-balancer-internal\":\"true\"},\"enabled\":true},\"type\":\"LoadBalancer\"}}}",
                "version": "4.1.3"
              }
            ],
            "name": "ingress-nginx",
            "namespace": "ingress",
            "pass_credentials": false,
            "postrender": [],
            "recreate_pods": false,
            "render_subchart_notes": true,
            "replace": false,
            "repository": "https://kubernetes.github.io/ingress-nginx",
            "repository_ca_file": null,
            "repository_cert_file": null,
            "repository_key_file": null,
            "repository_password": null,
            "repository_username": null,
            "reset_values": false,
            "reuse_values": false,
            "set": [
              {
                "name": "controller.autoscaling.enabled",
                "type": "",
                "value": "true"
              },
              {
                "name": "controller.autoscaling.maxReplicas",
                "type": "",
                "value": "10"
              },
              {
                "name": "controller.autoscaling.minReplicas",
                "type": "",
                "value": "2"
              },
              {
                "name": "controller.service.internal.annotations.service\\.beta\\.kubernetes\\.io/azure-load-balancer-internal",
                "type": "string",
                "value": "true"
              },
              {
                "name": "controller.service.internal.enabled",
                "type": "",
                "value": "true"
              },
              {
                "name": "controller.service.type",
                "type": "",
                "value": "LoadBalancer"
              }
            ],
            "set_sensitive": [],
            "skip_crds": false,
            "status": "deployed",
            "timeout": 300,
            "values": null,
            "verify": false,
            "version": "4.1.3",
            "wait": true,
            "wait_for_jobs": false
          },
          "sensitive_attributes": [],
          "private": "bnVsbA==",
          "dependencies": [
            "azuread_application.app_aks_helm",
            "azuread_service_principal.spn_aks_helm",
            "azuread_service_principal_password.password_spn_aks_helm",
            "data.azuread_service_principal.aks_aad_server",
            "data.azurerm_kubernetes_cluster.aks",
            "data.azurerm_subscription.current",
            "kubernetes_namespace.nginx_ingress"
          ]
        }
      ]
    },
    {
      "mode": "managed",
      "type": "helm_release",
      "name": "prometheus_stack",
      "provider": "provider[\"registry.terraform.io/hashicorp/helm\"].aks-module",
      "instances": [
        {
          "status": "tainted",
          "schema_version": 0,
          "attributes": {
            "atomic": false,
            "chart": "kube-prometheus-stack",
            "cleanup_on_fail": false,
            "create_namespace": false,
            "dependency_update": false,
            "description": null,
            "devel": null,
            "disable_crd_hooks": false,
            "disable_openapi_validation": false,
            "disable_webhooks": false,
            "force_update": false,
            "id": "prometheus-stack",
            "keyring": null,
            "lint": false,
            "manifest": null,
            "max_history": 0,
            "metadata": [
              {
                "app_version": "0.57.0",
                "chart": "kube-prometheus-stack",
                "name": "prometheus-stack",
                "namespace": "monitoring",
                "revision": 1,
                "values": "{\"grafana\":{\"adminPassword\":\"@Aa123456789\",\"adminUser\":\"grafana\",\"ingress\":{\"annotations\":{\"nginx.ingress.kubernetes.io/rewrite-target\":\"/$1\",\"nginx.ingress.kubernetes.io/ssl-redirect\":\"false\",\"nginx.ingress.kubernetes.io/use-regex\":\"true\"},\"enabled\":true,\"ingressClassName\":\"nginx\",\"path\":\"/(.*)\"}}}",
                "version": "36.2.0"
              }
            ],
            "name": "prometheus-stack",
            "namespace": "monitoring",
            "pass_credentials": false,
            "postrender": [],
            "recreate_pods": false,
            "render_subchart_notes": true,
            "replace": false,
            "repository": "https://prometheus-community.github.io/helm-charts",
            "repository_ca_file": null,
            "repository_cert_file": null,
            "repository_key_file": null,
            "repository_password": null,
            "repository_username": null,
            "reset_values": false,
            "reuse_values": false,
            "set": [
              {
                "name": "grafana.adminPassword",
                "type": "",
                "value": "@Aa123456789"
              },
              {
                "name": "grafana.adminUser",
                "type": "",
                "value": "grafana"
              },
              {
                "name": "grafana.ingress.annotations.nginx\\.ingress\\.kubernetes\\.io/rewrite-target",
                "type": "",
                "value": "/$1"
              },
              {
                "name": "grafana.ingress.annotations.nginx\\.ingress\\.kubernetes\\.io/ssl-redirect",
                "type": "string",
                "value": "false"
              },
              {
                "name": "grafana.ingress.annotations.nginx\\.ingress\\.kubernetes\\.io/use-regex",
                "type": "string",
                "value": "true"
              },
              {
                "name": "grafana.ingress.enabled",
                "type": "",
                "value": "true"
              },
              {
                "name": "grafana.ingress.ingressClassName",
                "type": "",
                "value": "nginx"
              },
              {
                "name": "grafana.ingress.path",
                "type": "",
                "value": "/(.*)"
              }
            ],
            "set_sensitive": [],
            "skip_crds": false,
            "status": "failed",
            "timeout": 300,
            "values": null,
            "verify": false,
            "version": "36.2.0",
            "wait": true,
            "wait_for_jobs": false
          },
          "sensitive_attributes": [],
          "private": "bnVsbA==",
          "dependencies": [
            "azuread_application.app_aks_helm",
            "azuread_service_principal.spn_aks_helm",
            "azuread_service_principal_password.password_spn_aks_helm",
            "data.azuread_service_principal.aks_aad_server",
            "data.azurerm_kubernetes_cluster.aks",
            "data.azurerm_subscription.current",
            "kubernetes_namespace.prometheus_stack"
          ]
        }
      ]
    },
    {
      "mode": "managed",
      "type": "kubernetes_namespace",
      "name": "argo_cd",
      "provider": "provider[\"registry.terraform.io/hashicorp/kubernetes\"].aks-module",
      "instances": [
        {
          "schema_version": 0,
          "attributes": {
            "id": "gitops",
            "metadata": [
              {
                "annotations": null,
                "generate_name": "",
                "generation": 0,
                "labels": null,
                "name": "gitops",
                "resource_version": "87264",
                "uid": "8ad3a2b3-5fc2-4149-b188-f8b3a77d4991"
              }
            ],
            "timeouts": null
          },
          "sensitive_attributes": [],
          "private": "eyJlMmJmYjczMC1lY2FhLTExZTYtOGY4OC0zNDM2M2JjN2M0YzAiOnsiZGVsZXRlIjozMDAwMDAwMDAwMDB9fQ==",
          "dependencies": [
            "azuread_application.app_aks_helm",
            "azuread_service_principal.spn_aks_helm",
            "azuread_service_principal_password.password_spn_aks_helm",
            "data.azuread_service_principal.aks_aad_server",
            "data.azurerm_kubernetes_cluster.aks",
            "data.azurerm_subscription.current"
          ]
        }
      ]
    },
    {
      "mode": "managed",
      "type": "kubernetes_namespace",
      "name": "harbor",
      "provider": "provider[\"registry.terraform.io/hashicorp/kubernetes\"].aks-module",
      "instances": [
        {
          "schema_version": 0,
          "attributes": {
            "id": "harbor",
            "metadata": [
              {
                "annotations": null,
                "generate_name": "",
                "generation": 0,
                "labels": null,
                "name": "harbor",
                "resource_version": "87261",
                "uid": "540d7ad1-58a5-48b3-94ee-0cf1a396d6ee"
              }
            ],
            "timeouts": null
          },
          "sensitive_attributes": [],
          "private": "eyJlMmJmYjczMC1lY2FhLTExZTYtOGY4OC0zNDM2M2JjN2M0YzAiOnsiZGVsZXRlIjozMDAwMDAwMDAwMDB9fQ==",
          "dependencies": [
            "azuread_application.app_aks_helm",
            "azuread_service_principal.spn_aks_helm",
            "azuread_service_principal_password.password_spn_aks_helm",
            "data.azuread_service_principal.aks_aad_server",
            "data.azurerm_kubernetes_cluster.aks",
            "data.azurerm_subscription.current"
          ]
        }
      ]
    },
    {
      "mode": "managed",
      "type": "kubernetes_namespace",
      "name": "keda",
      "provider": "provider[\"registry.terraform.io/hashicorp/kubernetes\"].aks-module",
      "instances": [
        {
          "schema_version": 0,
          "attributes": {
            "id": "keda",
            "metadata": [
              {
                "annotations": null,
                "generate_name": "",
                "generation": 0,
                "labels": null,
                "name": "keda",
                "resource_version": "87262",
                "uid": "100275cf-e178-4c1b-8923-88c02140565a"
              }
            ],
            "timeouts": null
          },
          "sensitive_attributes": [],
          "private": "eyJlMmJmYjczMC1lY2FhLTExZTYtOGY4OC0zNDM2M2JjN2M0YzAiOnsiZGVsZXRlIjozMDAwMDAwMDAwMDB9fQ==",
          "dependencies": [
            "azuread_application.app_aks_helm",
            "azuread_service_principal.spn_aks_helm",
            "azuread_service_principal_password.password_spn_aks_helm",
            "data.azuread_service_principal.aks_aad_server",
            "data.azurerm_kubernetes_cluster.aks",
            "data.azurerm_subscription.current"
          ]
        }
      ]
    },
    {
      "mode": "managed",
      "type": "kubernetes_namespace",
      "name": "kubecost",
      "provider": "provider[\"registry.terraform.io/hashicorp/kubernetes\"].aks-module",
      "instances": [
        {
          "schema_version": 0,
          "attributes": {
            "id": "finops",
            "metadata": [
              {
                "annotations": null,
                "generate_name": "",
                "generation": 0,
                "labels": null,
                "name": "finops",
                "resource_version": "87263",
                "uid": "93baeb4e-1a3b-4ebf-9b65-e7166e88da02"
              }
            ],
            "timeouts": null
          },
          "sensitive_attributes": [],
          "private": "eyJlMmJmYjczMC1lY2FhLTExZTYtOGY4OC0zNDM2M2JjN2M0YzAiOnsiZGVsZXRlIjozMDAwMDAwMDAwMDB9fQ==",
          "dependencies": [
            "azuread_application.app_aks_helm",
            "azuread_service_principal.spn_aks_helm",
            "azuread_service_principal_password.password_spn_aks_helm",
            "data.azuread_service_principal.aks_aad_server",
            "data.azurerm_kubernetes_cluster.aks",
            "data.azurerm_subscription.current"
          ]
        }
      ]
    },
    {
      "mode": "managed",
      "type": "kubernetes_namespace",
      "name": "nginx_ingress",
      "provider": "provider[\"registry.terraform.io/hashicorp/kubernetes\"].aks-module",
      "instances": [
        {
          "schema_version": 0,
          "attributes": {
            "id": "ingress",
            "metadata": [
              {
                "annotations": null,
                "generate_name": "",
                "generation": 0,
                "labels": null,
                "name": "ingress",
                "resource_version": "87266",
                "uid": "c3d81606-549e-44c3-94e0-6df93b4ef0d8"
              }
            ],
            "timeouts": null
          },
          "sensitive_attributes": [],
          "private": "eyJlMmJmYjczMC1lY2FhLTExZTYtOGY4OC0zNDM2M2JjN2M0YzAiOnsiZGVsZXRlIjozMDAwMDAwMDAwMDB9fQ==",
          "dependencies": [
            "azuread_application.app_aks_helm",
            "azuread_service_principal.spn_aks_helm",
            "azuread_service_principal_password.password_spn_aks_helm",
            "data.azuread_service_principal.aks_aad_server",
            "data.azurerm_kubernetes_cluster.aks",
            "data.azurerm_subscription.current"
          ]
        }
      ]
    },
    {
      "mode": "managed",
      "type": "kubernetes_namespace",
      "name": "prometheus_stack",
      "provider": "provider[\"registry.terraform.io/hashicorp/kubernetes\"].aks-module",
      "instances": [
        {
          "schema_version": 0,
          "attributes": {
            "id": "monitoring",
            "metadata": [
              {
                "annotations": null,
                "generate_name": "",
                "generation": 0,
                "labels": null,
                "name": "monitoring",
                "resource_version": "87265",
                "uid": "e5905e89-5e1b-4a36-873d-08c63da372a1"
              }
            ],
            "timeouts": null
          },
          "sensitive_attributes": [],
          "private": "eyJlMmJmYjczMC1lY2FhLTExZTYtOGY4OC0zNDM2M2JjN2M0YzAiOnsiZGVsZXRlIjozMDAwMDAwMDAwMDB9fQ==",
          "dependencies": [
            "azuread_application.app_aks_helm",
            "azuread_service_principal.spn_aks_helm",
            "azuread_service_principal_password.password_spn_aks_helm",
            "data.azuread_service_principal.aks_aad_server",
            "data.azurerm_kubernetes_cluster.aks",
            "data.azurerm_subscription.current"
          ]
        }
      ]
    }
  ]
}
