{
  "version": 4,
  "terraform_version": "1.2.8",
  "serial": 54,
  "lineage": "3e9a3c90-431c-0216-c2c7-c35f9cfef51b",
  "outputs": {},
  "resources": [
    {
      "mode": "data",
      "type": "azuread_client_config",
      "name": "current",
      "provider": "provider[\"registry.terraform.io/hashicorp/azuread\"]",
      "instances": [
        {
          "schema_version": 0,
          "attributes": {
            "client_id": "04b07795-8ddb-461a-bbee-02f9e1bf7b46",
            "id": "558506eb-9459-4ef3-b920-ad55c555e729-04b07795-8ddb-461a-bbee-02f9e1bf7b46-f97fc9ba-ebda-439e-825a-0e25801cb32c",
            "object_id": "f97fc9ba-ebda-439e-825a-0e25801cb32c",
            "tenant_id": "558506eb-9459-4ef3-b920-ad55c555e729",
            "timeouts": null
          },
          "sensitive_attributes": []
        }
      ]
    },
    {
      "mode": "data",
      "type": "azuread_group",
      "name": "aks_admins",
      "provider": "provider[\"registry.terraform.io/hashicorp/azuread\"]",
      "instances": [
        {
          "schema_version": 0,
          "attributes": {
            "assignable_to_role": false,
            "auto_subscribe_new_members": false,
            "behaviors": [],
            "description": "",
            "display_name": "group_aks_admins",
            "dynamic_membership": [],
            "external_senders_allowed": false,
            "hide_from_address_lists": false,
            "hide_from_outlook_clients": false,
            "id": "c3db1e0c-56e6-4c58-8980-37fb7829c111",
            "mail": "",
            "mail_enabled": false,
            "mail_nickname": "652fe331-2",
            "members": [
              "f97fc9ba-ebda-439e-825a-0e25801cb32c",
              "6a830153-425b-4b77-9afe-46545faa91e3"
            ],
            "object_id": "c3db1e0c-56e6-4c58-8980-37fb7829c111",
            "onpremises_domain_name": "",
            "onpremises_netbios_name": "",
            "onpremises_sam_account_name": "",
            "onpremises_security_identifier": "",
            "onpremises_sync_enabled": false,
            "owners": [
              "f97fc9ba-ebda-439e-825a-0e25801cb32c"
            ],
            "preferred_language": "",
            "provisioning_options": [],
            "proxy_addresses": [],
            "security_enabled": true,
            "theme": "",
            "timeouts": null,
            "types": [],
            "visibility": ""
          },
          "sensitive_attributes": []
        }
      ]
    },
    {
      "mode": "data",
      "type": "azuread_service_principal",
      "name": "aks_aad_server",
      "provider": "provider[\"registry.terraform.io/hashicorp/azuread\"]",
      "instances": [
        {
          "schema_version": 0,
          "attributes": {
            "account_enabled": true,
            "alternative_names": [],
            "app_role_assignment_required": false,
            "app_role_ids": {},
            "app_roles": [],
            "application_id": "6dae42f8-4368-4678-94ff-3960e28e3630",
            "application_tenant_id": "f8cdef31-a31e-4b4a-93e4-5f571e91255a",
            "description": "",
            "display_name": "Azure Kubernetes Service AAD Server",
            "feature_tags": [
              {
                "custom_single_sign_on": false,
                "enterprise": false,
                "gallery": false,
                "hide": false
              }
            ],
            "features": [
              {
                "custom_single_sign_on_app": false,
                "enterprise_application": false,
                "gallery_application": false,
                "visible_to_users": true
              }
            ],
            "homepage_url": "",
            "id": "5dc776ad-9525-4afd-ad24-334e21ad710e",
            "login_url": "",
            "logout_url": "",
            "notes": "",
            "notification_email_addresses": [],
            "oauth2_permission_scope_ids": {
              "user.read": "34a47c2f-cd0d-47b4-a93c-2c41130c671c"
            },
            "oauth2_permission_scopes": [
              {
                "admin_consent_description": "this allows to read user profile",
                "admin_consent_display_name": "user.read",
                "enabled": true,
                "id": "34a47c2f-cd0d-47b4-a93c-2c41130c671c",
                "type": "User",
                "user_consent_description": "this allows to read user profile",
                "user_consent_display_name": "user.read",
                "value": "user.read"
              }
            ],
            "object_id": "5dc776ad-9525-4afd-ad24-334e21ad710e",
            "preferred_single_sign_on_mode": "",
            "redirect_uris": [],
            "saml_metadata_url": "",
            "saml_single_sign_on": [],
            "service_principal_names": [
              "https://aks-aad-server.azure.com"
            ],
            "sign_in_audience": "AzureADMultipleOrgs",
            "tags": [],
            "timeouts": null,
            "type": "Application"
          },
          "sensitive_attributes": []
        }
      ]
    },
    {
      "mode": "data",
      "type": "azurerm_kubernetes_cluster",
      "name": "aks",
      "provider": "provider[\"registry.terraform.io/hashicorp/azurerm\"]",
      "instances": [
        {
          "schema_version": 0,
          "attributes": {
            "aci_connector_linux": [],
            "agent_pool_profile": [
              {
                "count": 3,
                "enable_auto_scaling": true,
                "enable_node_public_ip": false,
                "max_count": 5,
                "max_pods": 110,
                "min_count": 1,
                "name": "poolapps",
                "node_labels": {},
                "node_public_ip_prefix_id": "",
                "node_taints": [],
                "orchestrator_version": "1.24.3",
                "os_disk_size_gb": 60,
                "os_type": "Linux",
                "tags": {
                  "environment": "development",
                  "source": "terraform"
                },
                "type": "VirtualMachineScaleSets",
                "upgrade_settings": [
                  {
                    "max_surge": "3"
                  }
                ],
                "vm_size": "Standard_D2ds_v5",
                "vnet_subnet_id": "/subscriptions/17b12858-3960-4e6f-a663-a06fdae23428/resourceGroups/rg-aks-cluster/providers/Microsoft.Network/virtualNetworks/vnet-spoke-aks/subnets/subnet-aks-nodes",
                "zones": [
                  "2",
                  "3",
                  "1"
                ]
              },
              {
                "count": 2,
                "enable_auto_scaling": true,
                "enable_node_public_ip": false,
                "max_count": 3,
                "max_pods": 110,
                "min_count": 1,
                "name": "poolsystem",
                "node_labels": {},
                "node_public_ip_prefix_id": "",
                "node_taints": [
                  "CriticalAddonsOnly=true:NoSchedule"
                ],
                "orchestrator_version": "",
                "os_disk_size_gb": 40,
                "os_type": "Linux",
                "tags": {
                  "environment": "development",
                  "source": "terraform"
                },
                "type": "VirtualMachineScaleSets",
                "upgrade_settings": [],
                "vm_size": "Standard_D2ds_v5",
                "vnet_subnet_id": "/subscriptions/17b12858-3960-4e6f-a663-a06fdae23428/resourceGroups/rg-aks-cluster/providers/Microsoft.Network/virtualNetworks/vnet-spoke-aks/subnets/subnet-aks-nodes",
                "zones": [
                  "2",
                  "3",
                  "1"
                ]
              }
            ],
            "api_server_authorized_ip_ranges": [],
            "azure_active_directory_role_based_access_control": [
              {
                "admin_group_object_ids": [
                  "c3db1e0c-56e6-4c58-8980-37fb7829c111"
                ],
                "azure_rbac_enabled": true,
                "client_app_id": "",
                "managed": true,
                "server_app_id": "",
                "tenant_id": "558506eb-9459-4ef3-b920-ad55c555e729"
              }
            ],
            "azure_policy_enabled": true,
            "disk_encryption_set_id": "",
            "dns_prefix": "aks",
            "fqdn": "aks-ea73ee78.hcp.westeurope.azmk8s.io",
            "http_application_routing_enabled": false,
            "http_application_routing_zone_name": "",
            "id": "/subscriptions/17b12858-3960-4e6f-a663-a06fdae23428/resourceGroups/rg-aks-cluster/providers/Microsoft.ContainerService/managedClusters/aks-cluster",
            "identity": [
              {
                "identity_ids": [
                  "/subscriptions/17b12858-3960-4e6f-a663-a06fdae23428/resourceGroups/rg-aks-cluster/providers/Microsoft.ManagedIdentity/userAssignedIdentities/identity-aks"
                ],
                "principal_id": "",
                "tenant_id": "",
                "type": "UserAssigned"
              }
            ],
            "ingress_application_gateway": [
              {
                "effective_gateway_id": "/subscriptions/17b12858-3960-4e6f-a663-a06fdae23428/resourceGroups/rg-aks-cluster/providers/Microsoft.Network/applicationGateways/appgw-aks",
                "gateway_id": "/subscriptions/17b12858-3960-4e6f-a663-a06fdae23428/resourceGroups/rg-aks-cluster/providers/Microsoft.Network/applicationGateways/appgw-aks",
                "gateway_name": "",
                "ingress_application_gateway_identity": [
                  {
                    "client_id": "0854e12f-3ff8-4472-afcb-28895aceb50b",
                    "object_id": "79ef8740-875b-4a3f-96ed-e26d7b916d7d",
                    "user_assigned_identity_id": "/subscriptions/17b12858-3960-4e6f-a663-a06fdae23428/resourcegroups/rg-aks-cluster-managed/providers/Microsoft.ManagedIdentity/userAssignedIdentities/ingressapplicationgateway-aks-cluster"
                  }
                ],
                "subnet_cidr": "",
                "subnet_id": ""
              }
            ],
            "key_vault_secrets_provider": [
              {
                "secret_identity": [
                  {
                    "client_id": "7cf89526-d2bd-49c5-8634-72bcc22a2cce",
                    "object_id": "37a1b0c5-99d3-459d-891e-6d5f5155a335",
                    "user_assigned_identity_id": "/subscriptions/17b12858-3960-4e6f-a663-a06fdae23428/resourcegroups/rg-aks-cluster-managed/providers/Microsoft.ManagedIdentity/userAssignedIdentities/azurekeyvaultsecretsprovider-aks-cluster"
                  }
                ],
                "secret_rotation_enabled": true,
                "secret_rotation_interval": "2m"
              }
            ],
            "kube_admin_config": [],
            "kube_admin_config_raw": "",
            "kube_config": [
              {
                "client_certificate": "",
                "client_key": "",
                "cluster_ca_certificate": "LS0tLS1CRUdJTiBDRVJUSUZJQ0FURS0tLS0tCk1JSUU2VENDQXRHZ0F3SUJBZ0lSQU5USVNDSlpKbUt2KzBnanJtdnpHZFl3RFFZSktvWklodmNOQVFFTEJRQXcKRFRFTE1Ba0dBMVVFQXhNQ1kyRXdJQmNOTWpJd09UQTNNVFl6TmpVeVdoZ1BNakExTWpBNU1EY3hOalEyTlRKYQpNQTB4Q3pBSkJnTlZCQU1UQW1OaE1JSUNJakFOQmdrcWhraUc5dzBCQVFFRkFBT0NBZzhBTUlJQ0NnS0NBZ0VBCitGZU9hSDl3WGxmdG5BZmgrbkRmWTRBQlZ6TnpXM2VpakFPM1ppRXhzS3ZseTBtRGVBRG0xV00zQlViNlNIeXEKVCtlVTY4K295d2ZIUy9lVXo5K3htcFJOYnJJUkdXMDVkZFBWN2czTEdEU3J3QUVCNWw3VUhlOE1HRzJGUjE3QwpyUXZONWdpbUdnQys3TmRNTXZBaVc3dGwvUllYVmh1L0Z3WVYrdE5uWmptM0ZDWkN3SEdlTG92eml3ZDMzWk84CkRZaXh1aENWR2p0bktvcTlqcVFKTlhqazg3UTZUcGQ0QUJCbGh3cFdIVWtYeXNPZzkrVllJWWFieXZmUW9zVXUKYVRJY0hmTWN1RHZKb0FnbmVOMkFyQzdMMGZMRGdKY1ZyczkwRkNjY3pwcHhpdmd2MzAwVEJSMkVhaEF6Q3BMWApyeEZrSTU5anpTTG5RejBOM25rY1lEdEp0Y0VEKzVEemtUQ0Y3UEdCRnlQdHRYSDZQQjdaUVllWUdMNG9hVTROClhCclhvN0VyWnVodTlKa1VxYklId05zQ2ZsajlBbHNGczdMdnlBL3VnTW56bGVBWmxPR1VLWHBKWUV0aFR6a2sKck1zZVNXVkE0TG02MFF4cCtkVW9BSklWSGJzSFNPUTdFYXZvei9zRlhNUXdhQU4yUTJTek1QdUFnb3Z2c1FuMQpMMHErWVFrWG1mOWxIdHFqT2g3bnplRjlHSGE4Y2xUTCtoMEhaNGxJNXBYZVVSNE0xeTF2VE01QjFVa0x1V3h4Ck1PdURXRUVmQXNNWmhBN1h0SVloZXBJbkx2MURjM0ttMlpwT1BmdzliYjVmV1dWSWw1dFlSbU53NHRUZ281L1AKNWh3WEw2MXpDcitaaGt2UDBkWmhScUpFS0U3bGh4WDZnVUpXbjdQcnBmOENBd0VBQWFOQ01FQXdEZ1lEVlIwUApBUUgvQkFRREFnS2tNQThHQTFVZEV3RUIvd1FGTUFNQkFmOHdIUVlEVlIwT0JCWUVGRUxZR0dleDhSUFcxSjJwCnVmbWJReG9mNnhpTk1BMEdDU3FHU0liM0RRRUJDd1VBQTRJQ0FRQndkN2VoY29Ldk9rSWJhK0JxaHdqUGowc0MKMFlwaFNKZ283SGs5ZXVCQUJhd09LZ3M1c2x2OE5KVVcvTGhnaEFna1d5c2F4UTczRUNqQzgrczQ5a0hITGhVSQphK29jZzg0MGw3WmdoUUhRdEh4YWxDemZxc01yZUNMdmQxUGw1VkVkZW1ZS1UycDZ1NWk4bk9nejZlY3FWRlZSCnB5TWZBdVR0aUsxazlUQ0RPVDVUL3ZCeU1mTHJrT0M5cEZwRHEwSUpXWjc1c0JBNFNSVFU0czhwN2ZQV3V4TkIKVU81d3Foc29MRVRkSVVIV0pDOXhjN1ZVSlJDSVVNNitCR0NVTmtwSHYzTFJvTkJHem5MQUlLVnp0NmorSWVxVQprYnA3dVNZQThpbFRJZU5scG90clM0dEhjVTFsZWFFNE9kZWdTellXWjdzSVpuRVE5cUsxY3NCZE5jbVl6d0hBCnlJaGZvMDE5MzF2eFJPa3hvNVR2ZU5NY0RTYXRjOHA1MTRycU9UNEZ0WHF4VmNBdXlLNm9sdVdHUnp4TTVPMDYKUkNSdnVSbjFyZE1lYTh3VVZZQVhBL1VDcG94YUNkY1dBbXJaUGhNN1ZJMXBHLzZFRS9BeVVGTm1OTDQ5Q2xsVApoREtESWFNRmlPRVZXVWM1c2UxRTFPZ0xDRG1GbXV5Z0dBOXRJZmZ0Z3pFc3JLcDBZY2VVY3RYMDMxaWh5dC9jCjAvRjRZd3JBTzhKRDhKVHFnNnpGSyswSU9DT2Z3dEk2SkhhQXlwOHkrMVowRUNJU3ZkQzBYTmx5ZldtWW1kVUcKZXR3Nm5mS0xFZzBYaTlvdThSK3loMERIVWhvVFN2cTdlRVgvUjZ6LzZwcE5JRXd0VWhxakNhM2lVcm5sYTB2UQpxWk05VC81OVNWaTZMODlYSFE9PQotLS0tLUVORCBDRVJUSUZJQ0FURS0tLS0tCg==",
                "host": "https://aks-ea73ee78.hcp.westeurope.azmk8s.io:443",
                "password": "",
                "username": "clusterUser_rg-aks-cluster_aks-cluster"
              }
            ],
            "kube_config_raw": "apiVersion: v1\nclusters:\n- cluster:\n    certificate-authority-data: LS0tLS1CRUdJTiBDRVJUSUZJQ0FURS0tLS0tCk1JSUU2VENDQXRHZ0F3SUJBZ0lSQU5USVNDSlpKbUt2KzBnanJtdnpHZFl3RFFZSktvWklodmNOQVFFTEJRQXcKRFRFTE1Ba0dBMVVFQXhNQ1kyRXdJQmNOTWpJd09UQTNNVFl6TmpVeVdoZ1BNakExTWpBNU1EY3hOalEyTlRKYQpNQTB4Q3pBSkJnTlZCQU1UQW1OaE1JSUNJakFOQmdrcWhraUc5dzBCQVFFRkFBT0NBZzhBTUlJQ0NnS0NBZ0VBCitGZU9hSDl3WGxmdG5BZmgrbkRmWTRBQlZ6TnpXM2VpakFPM1ppRXhzS3ZseTBtRGVBRG0xV00zQlViNlNIeXEKVCtlVTY4K295d2ZIUy9lVXo5K3htcFJOYnJJUkdXMDVkZFBWN2czTEdEU3J3QUVCNWw3VUhlOE1HRzJGUjE3QwpyUXZONWdpbUdnQys3TmRNTXZBaVc3dGwvUllYVmh1L0Z3WVYrdE5uWmptM0ZDWkN3SEdlTG92eml3ZDMzWk84CkRZaXh1aENWR2p0bktvcTlqcVFKTlhqazg3UTZUcGQ0QUJCbGh3cFdIVWtYeXNPZzkrVllJWWFieXZmUW9zVXUKYVRJY0hmTWN1RHZKb0FnbmVOMkFyQzdMMGZMRGdKY1ZyczkwRkNjY3pwcHhpdmd2MzAwVEJSMkVhaEF6Q3BMWApyeEZrSTU5anpTTG5RejBOM25rY1lEdEp0Y0VEKzVEemtUQ0Y3UEdCRnlQdHRYSDZQQjdaUVllWUdMNG9hVTROClhCclhvN0VyWnVodTlKa1VxYklId05zQ2ZsajlBbHNGczdMdnlBL3VnTW56bGVBWmxPR1VLWHBKWUV0aFR6a2sKck1zZVNXVkE0TG02MFF4cCtkVW9BSklWSGJzSFNPUTdFYXZvei9zRlhNUXdhQU4yUTJTek1QdUFnb3Z2c1FuMQpMMHErWVFrWG1mOWxIdHFqT2g3bnplRjlHSGE4Y2xUTCtoMEhaNGxJNXBYZVVSNE0xeTF2VE01QjFVa0x1V3h4Ck1PdURXRUVmQXNNWmhBN1h0SVloZXBJbkx2MURjM0ttMlpwT1BmdzliYjVmV1dWSWw1dFlSbU53NHRUZ281L1AKNWh3WEw2MXpDcitaaGt2UDBkWmhScUpFS0U3bGh4WDZnVUpXbjdQcnBmOENBd0VBQWFOQ01FQXdEZ1lEVlIwUApBUUgvQkFRREFnS2tNQThHQTFVZEV3RUIvd1FGTUFNQkFmOHdIUVlEVlIwT0JCWUVGRUxZR0dleDhSUFcxSjJwCnVmbWJReG9mNnhpTk1BMEdDU3FHU0liM0RRRUJDd1VBQTRJQ0FRQndkN2VoY29Ldk9rSWJhK0JxaHdqUGowc0MKMFlwaFNKZ283SGs5ZXVCQUJhd09LZ3M1c2x2OE5KVVcvTGhnaEFna1d5c2F4UTczRUNqQzgrczQ5a0hITGhVSQphK29jZzg0MGw3WmdoUUhRdEh4YWxDemZxc01yZUNMdmQxUGw1VkVkZW1ZS1UycDZ1NWk4bk9nejZlY3FWRlZSCnB5TWZBdVR0aUsxazlUQ0RPVDVUL3ZCeU1mTHJrT0M5cEZwRHEwSUpXWjc1c0JBNFNSVFU0czhwN2ZQV3V4TkIKVU81d3Foc29MRVRkSVVIV0pDOXhjN1ZVSlJDSVVNNitCR0NVTmtwSHYzTFJvTkJHem5MQUlLVnp0NmorSWVxVQprYnA3dVNZQThpbFRJZU5scG90clM0dEhjVTFsZWFFNE9kZWdTellXWjdzSVpuRVE5cUsxY3NCZE5jbVl6d0hBCnlJaGZvMDE5MzF2eFJPa3hvNVR2ZU5NY0RTYXRjOHA1MTRycU9UNEZ0WHF4VmNBdXlLNm9sdVdHUnp4TTVPMDYKUkNSdnVSbjFyZE1lYTh3VVZZQVhBL1VDcG94YUNkY1dBbXJaUGhNN1ZJMXBHLzZFRS9BeVVGTm1OTDQ5Q2xsVApoREtESWFNRmlPRVZXVWM1c2UxRTFPZ0xDRG1GbXV5Z0dBOXRJZmZ0Z3pFc3JLcDBZY2VVY3RYMDMxaWh5dC9jCjAvRjRZd3JBTzhKRDhKVHFnNnpGSyswSU9DT2Z3dEk2SkhhQXlwOHkrMVowRUNJU3ZkQzBYTmx5ZldtWW1kVUcKZXR3Nm5mS0xFZzBYaTlvdThSK3loMERIVWhvVFN2cTdlRVgvUjZ6LzZwcE5JRXd0VWhxakNhM2lVcm5sYTB2UQpxWk05VC81OVNWaTZMODlYSFE9PQotLS0tLUVORCBDRVJUSUZJQ0FURS0tLS0tCg==\n    server: https://aks-ea73ee78.hcp.westeurope.azmk8s.io:443\n  name: aks-cluster\ncontexts:\n- context:\n    cluster: aks-cluster\n    user: clusterUser_rg-aks-cluster_aks-cluster\n  name: aks-cluster\ncurrent-context: aks-cluster\nkind: Config\npreferences: {}\nusers:\n- name: clusterUser_rg-aks-cluster_aks-cluster\n  user:\n    exec:\n      apiVersion: client.authentication.k8s.io/v1beta1\n      args:\n      - get-token\n      - --environment\n      - AzurePublicCloud\n      - --server-id\n      - 6dae42f8-4368-4678-94ff-3960e28e3630\n      - --client-id\n      - 80faf920-1908-4b52-b5ef-a8e7bedfc67a\n      - --tenant-id\n      - 558506eb-9459-4ef3-b920-ad55c555e729\n      - --login\n      - devicecode\n      command: kubelogin\n      env: null\n",
            "kubelet_identity": [
              {
                "client_id": "2a0ef659-c99c-43ca-946c-b11a9cae4dfd",
                "object_id": "ae7588fb-3c76-40dd-9783-c0e628312e7a",
                "user_assigned_identity_id": "/subscriptions/17b12858-3960-4e6f-a663-a06fdae23428/resourceGroups/rg-aks-cluster/providers/Microsoft.ManagedIdentity/userAssignedIdentities/aks-cluster-agentpool"
              }
            ],
            "kubernetes_version": "1.24.3",
            "linux_profile": [
              {
                "admin_username": "",
                "ssh_key": []
              }
            ],
            "location": "westeurope",
            "microsoft_defender": [],
            "name": "aks-cluster",
            "network_profile": [
              {
                "dns_service_ip": "10.0.0.10",
                "docker_bridge_cidr": "172.17.0.1/16",
                "load_balancer_sku": "Standard",
                "network_plugin": "azure",
                "network_policy": "calico",
                "pod_cidr": "",
                "service_cidr": "10.0.0.0/16"
              }
            ],
            "node_resource_group": "rg-aks-cluster-managed",
            "oidc_issuer_enabled": true,
            "oidc_issuer_url": "https://oidc.prod-aks.azure.com/4e9ec9df-af23-4a85-8852-4a3d5ce63c66/",
            "oms_agent": [
              {
                "log_analytics_workspace_id": "/subscriptions/17b12858-3960-4e6f-a663-a06fdae23428/resourceGroups/rg-aks-cluster/providers/Microsoft.OperationalInsights/workspaces/loganalyticsakscluster",
                "oms_agent_identity": [
                  {
                    "client_id": "5edf9621-61f9-43e8-8588-f6c9bc6def36",
                    "object_id": "95aac3e9-86fb-4a40-b9eb-92b2044da151",
                    "user_assigned_identity_id": "/subscriptions/17b12858-3960-4e6f-a663-a06fdae23428/resourcegroups/rg-aks-cluster-managed/providers/Microsoft.ManagedIdentity/userAssignedIdentities/omsagent-aks-cluster"
                  }
                ]
              }
            ],
            "open_service_mesh_enabled": true,
            "private_cluster_enabled": false,
            "private_fqdn": "",
            "resource_group_name": "rg-aks-cluster",
            "role_based_access_control_enabled": true,
            "service_principal": [
              {
                "client_id": "msi"
              }
            ],
            "tags": {
              "environment": "development",
              "source": "terraform"
            },
            "timeouts": null,
            "windows_profile": [
              {
                "admin_username": "azureuser"
              }
            ]
          },
          "sensitive_attributes": []
        }
      ]
    },
    {
      "mode": "data",
      "type": "azurerm_subscription",
      "name": "current",
      "provider": "provider[\"registry.terraform.io/hashicorp/azurerm\"]",
      "instances": [
        {
          "schema_version": 0,
          "attributes": {
            "display_name": "Microsoft-Azure-0",
            "id": "/subscriptions/17b12858-3960-4e6f-a663-a06fdae23428",
            "location_placement_id": "Public_2014-09-01",
            "quota_id": "MSDN_2014-09-01",
            "spending_limit": "On",
            "state": "Enabled",
            "subscription_id": "17b12858-3960-4e6f-a663-a06fdae23428",
            "tags": {},
            "tenant_id": "558506eb-9459-4ef3-b920-ad55c555e729",
            "timeouts": null
          },
          "sensitive_attributes": []
        }
      ]
    },
    {
      "mode": "managed",
      "type": "azuread_application",
      "name": "app_aks_helm",
      "provider": "provider[\"registry.terraform.io/hashicorp/azuread\"]",
      "instances": [
        {
          "schema_version": 1,
          "attributes": {
            "api": [
              {
                "known_client_applications": [],
                "mapped_claims_enabled": false,
                "oauth2_permission_scope": [],
                "requested_access_token_version": 1
              }
            ],
            "app_role": [],
            "app_role_ids": {},
            "application_id": "3e4e4538-fbff-470b-ae13-5b59c28e8b93",
            "device_only_auth_enabled": false,
            "disabled_by_microsoft": "\u003cnil\u003e",
            "display_name": "spn_aks_helm",
            "fallback_public_client_enabled": false,
            "feature_tags": [
              {
                "custom_single_sign_on": false,
                "enterprise": false,
                "gallery": false,
                "hide": false
              }
            ],
            "group_membership_claims": [],
            "id": "9b8e8867-0d7f-4bc5-9812-4e8b02ae7bf4",
            "identifier_uris": [],
            "logo_image": "",
            "logo_url": "",
            "marketing_url": "",
            "oauth2_permission_scope_ids": {},
            "oauth2_post_response_required": false,
            "object_id": "9b8e8867-0d7f-4bc5-9812-4e8b02ae7bf4",
            "optional_claims": [
              {
                "access_token": [],
                "id_token": [],
                "saml2_token": []
              }
            ],
            "owners": [],
            "prevent_duplicate_names": false,
            "privacy_statement_url": "",
            "public_client": [
              {
                "redirect_uris": []
              }
            ],
            "publisher_domain": "houssemdellai.onmicrosoft.com",
            "required_resource_access": [],
            "sign_in_audience": "AzureADMyOrg",
            "single_page_application": [
              {
                "redirect_uris": []
              }
            ],
            "support_url": "",
            "tags": [],
            "template_id": "",
            "terms_of_service_url": "",
            "timeouts": null,
            "web": [
              {
                "homepage_url": "",
                "implicit_grant": [
                  {
                    "access_token_issuance_enabled": false,
                    "id_token_issuance_enabled": false
                  }
                ],
                "logout_url": "",
                "redirect_uris": []
              }
            ]
          },
          "sensitive_attributes": [],
          "private": "eyJlMmJmYjczMC1lY2FhLTExZTYtOGY4OC0zNDM2M2JjN2M0YzAiOnsiY3JlYXRlIjo2MDAwMDAwMDAwMDAsImRlbGV0ZSI6MzAwMDAwMDAwMDAwLCJyZWFkIjozMDAwMDAwMDAwMDAsInVwZGF0ZSI6NjAwMDAwMDAwMDAwfSwic2NoZW1hX3ZlcnNpb24iOiIxIn0="
        }
      ]
    },
    {
      "mode": "managed",
      "type": "azuread_application",
      "name": "app_kasten",
      "provider": "provider[\"registry.terraform.io/hashicorp/azuread\"]",
      "instances": [
        {
          "schema_version": 1,
          "attributes": {
            "api": [
              {
                "known_client_applications": [],
                "mapped_claims_enabled": false,
                "oauth2_permission_scope": [],
                "requested_access_token_version": 1
              }
            ],
            "app_role": [],
            "app_role_ids": {},
            "application_id": "5d22915a-e3ca-4724-a649-fe0ef64e2359",
            "device_only_auth_enabled": false,
            "disabled_by_microsoft": "\u003cnil\u003e",
            "display_name": "spn_kasten",
            "fallback_public_client_enabled": false,
            "feature_tags": [
              {
                "custom_single_sign_on": false,
                "enterprise": false,
                "gallery": false,
                "hide": false
              }
            ],
            "group_membership_claims": [],
            "id": "fc800518-f8c6-4eb7-a677-909802763e0d",
            "identifier_uris": [],
            "logo_image": "",
            "logo_url": "",
            "marketing_url": "",
            "oauth2_permission_scope_ids": {},
            "oauth2_post_response_required": false,
            "object_id": "fc800518-f8c6-4eb7-a677-909802763e0d",
            "optional_claims": [
              {
                "access_token": [],
                "id_token": [],
                "saml2_token": []
              }
            ],
            "owners": [],
            "prevent_duplicate_names": false,
            "privacy_statement_url": "",
            "public_client": [
              {
                "redirect_uris": []
              }
            ],
            "publisher_domain": "houssemdellai.onmicrosoft.com",
            "required_resource_access": [],
            "sign_in_audience": "AzureADMyOrg",
            "single_page_application": [
              {
                "redirect_uris": []
              }
            ],
            "support_url": "",
            "tags": [],
            "template_id": "",
            "terms_of_service_url": "",
            "timeouts": null,
            "web": [
              {
                "homepage_url": "",
                "implicit_grant": [
                  {
                    "access_token_issuance_enabled": false,
                    "id_token_issuance_enabled": false
                  }
                ],
                "logout_url": "",
                "redirect_uris": []
              }
            ]
          },
          "sensitive_attributes": [],
          "private": "eyJlMmJmYjczMC1lY2FhLTExZTYtOGY4OC0zNDM2M2JjN2M0YzAiOnsiY3JlYXRlIjo2MDAwMDAwMDAwMDAsImRlbGV0ZSI6MzAwMDAwMDAwMDAwLCJyZWFkIjozMDAwMDAwMDAwMDAsInVwZGF0ZSI6NjAwMDAwMDAwMDAwfSwic2NoZW1hX3ZlcnNpb24iOiIxIn0="
        }
      ]
    },
    {
      "mode": "managed",
      "type": "azuread_application",
      "name": "app_kubecost",
      "provider": "provider[\"registry.terraform.io/hashicorp/azuread\"]",
      "instances": [
        {
          "schema_version": 1,
          "attributes": {
            "api": [
              {
                "known_client_applications": [],
                "mapped_claims_enabled": false,
                "oauth2_permission_scope": [],
                "requested_access_token_version": 1
              }
            ],
            "app_role": [],
            "app_role_ids": {},
            "application_id": "d2ebdc4f-0b4c-4598-b955-74b64993463e",
            "device_only_auth_enabled": false,
            "disabled_by_microsoft": "\u003cnil\u003e",
            "display_name": "spn_kubecost",
            "fallback_public_client_enabled": false,
            "feature_tags": [
              {
                "custom_single_sign_on": false,
                "enterprise": false,
                "gallery": false,
                "hide": false
              }
            ],
            "group_membership_claims": [],
            "id": "ad5cc1f8-24fe-4c3e-81ea-46e3cf98698c",
            "identifier_uris": [],
            "logo_image": "",
            "logo_url": "",
            "marketing_url": "",
            "oauth2_permission_scope_ids": {},
            "oauth2_post_response_required": false,
            "object_id": "ad5cc1f8-24fe-4c3e-81ea-46e3cf98698c",
            "optional_claims": [
              {
                "access_token": [],
                "id_token": [],
                "saml2_token": []
              }
            ],
            "owners": [],
            "prevent_duplicate_names": false,
            "privacy_statement_url": "",
            "public_client": [
              {
                "redirect_uris": []
              }
            ],
            "publisher_domain": "houssemdellai.onmicrosoft.com",
            "required_resource_access": [],
            "sign_in_audience": "AzureADMyOrg",
            "single_page_application": [
              {
                "redirect_uris": []
              }
            ],
            "support_url": "",
            "tags": [],
            "template_id": "",
            "terms_of_service_url": "",
            "timeouts": null,
            "web": [
              {
                "homepage_url": "",
                "implicit_grant": [
                  {
                    "access_token_issuance_enabled": false,
                    "id_token_issuance_enabled": false
                  }
                ],
                "logout_url": "",
                "redirect_uris": []
              }
            ]
          },
          "sensitive_attributes": [],
          "private": "eyJlMmJmYjczMC1lY2FhLTExZTYtOGY4OC0zNDM2M2JjN2M0YzAiOnsiY3JlYXRlIjo2MDAwMDAwMDAwMDAsImRlbGV0ZSI6MzAwMDAwMDAwMDAwLCJyZWFkIjozMDAwMDAwMDAwMDAsInVwZGF0ZSI6NjAwMDAwMDAwMDAwfSwic2NoZW1hX3ZlcnNpb24iOiIxIn0="
        }
      ]
    },
    {
      "mode": "managed",
      "type": "azuread_application",
      "name": "app_velero",
      "provider": "provider[\"registry.terraform.io/hashicorp/azuread\"]",
      "instances": [
        {
          "schema_version": 1,
          "attributes": {
            "api": [
              {
                "known_client_applications": [],
                "mapped_claims_enabled": false,
                "oauth2_permission_scope": [],
                "requested_access_token_version": 1
              }
            ],
            "app_role": [],
            "app_role_ids": {},
            "application_id": "b3eacfb1-77d2-49e9-ad6e-6506d684c3db",
            "device_only_auth_enabled": false,
            "disabled_by_microsoft": "\u003cnil\u003e",
            "display_name": "spn_velero",
            "fallback_public_client_enabled": false,
            "feature_tags": [
              {
                "custom_single_sign_on": false,
                "enterprise": false,
                "gallery": false,
                "hide": false
              }
            ],
            "group_membership_claims": [],
            "id": "9a58635b-1a71-47cd-8134-990704128fc1",
            "identifier_uris": [],
            "logo_image": "",
            "logo_url": "",
            "marketing_url": "",
            "oauth2_permission_scope_ids": {},
            "oauth2_post_response_required": false,
            "object_id": "9a58635b-1a71-47cd-8134-990704128fc1",
            "optional_claims": [
              {
                "access_token": [],
                "id_token": [],
                "saml2_token": []
              }
            ],
            "owners": [],
            "prevent_duplicate_names": false,
            "privacy_statement_url": "",
            "public_client": [
              {
                "redirect_uris": []
              }
            ],
            "publisher_domain": "houssemdellai.onmicrosoft.com",
            "required_resource_access": [],
            "sign_in_audience": "AzureADMyOrg",
            "single_page_application": [
              {
                "redirect_uris": []
              }
            ],
            "support_url": "",
            "tags": [],
            "template_id": "",
            "terms_of_service_url": "",
            "timeouts": null,
            "web": [
              {
                "homepage_url": "",
                "implicit_grant": [
                  {
                    "access_token_issuance_enabled": false,
                    "id_token_issuance_enabled": false
                  }
                ],
                "logout_url": "",
                "redirect_uris": []
              }
            ]
          },
          "sensitive_attributes": [],
          "private": "eyJlMmJmYjczMC1lY2FhLTExZTYtOGY4OC0zNDM2M2JjN2M0YzAiOnsiY3JlYXRlIjo2MDAwMDAwMDAwMDAsImRlbGV0ZSI6MzAwMDAwMDAwMDAwLCJyZWFkIjozMDAwMDAwMDAwMDAsInVwZGF0ZSI6NjAwMDAwMDAwMDAwfSwic2NoZW1hX3ZlcnNpb24iOiIxIn0="
        }
      ]
    },
    {
      "mode": "managed",
      "type": "azuread_group_member",
      "name": "spn_aks_helm_aks_admin",
      "provider": "provider[\"registry.terraform.io/hashicorp/azuread\"]",
      "instances": [
        {
          "schema_version": 0,
          "attributes": {
            "group_object_id": "c3db1e0c-56e6-4c58-8980-37fb7829c111",
            "id": "c3db1e0c-56e6-4c58-8980-37fb7829c111/member/6a830153-425b-4b77-9afe-46545faa91e3",
            "member_object_id": "6a830153-425b-4b77-9afe-46545faa91e3",
            "timeouts": null
          },
          "sensitive_attributes": [],
          "private": "eyJlMmJmYjczMC1lY2FhLTExZTYtOGY4OC0zNDM2M2JjN2M0YzAiOnsiY3JlYXRlIjozMDAwMDAwMDAwMDAsImRlbGV0ZSI6MzAwMDAwMDAwMDAwLCJyZWFkIjozMDAwMDAwMDAwMDAsInVwZGF0ZSI6MzAwMDAwMDAwMDAwfX0=",
          "dependencies": [
            "azuread_application.app_aks_helm",
            "azuread_service_principal.spn_aks_helm",
            "data.azuread_group.aks_admins"
          ]
        }
      ]
    },
    {
      "mode": "managed",
      "type": "azuread_service_principal",
      "name": "spn_aks_helm",
      "provider": "provider[\"registry.terraform.io/hashicorp/azuread\"]",
      "instances": [
        {
          "schema_version": 0,
          "attributes": {
            "account_enabled": true,
            "alternative_names": [],
            "app_role_assignment_required": false,
            "app_role_ids": {},
            "app_roles": [],
            "application_id": "3e4e4538-fbff-470b-ae13-5b59c28e8b93",
            "application_tenant_id": "558506eb-9459-4ef3-b920-ad55c555e729",
            "description": "",
            "display_name": "spn_aks_helm",
            "feature_tags": [
              {
                "custom_single_sign_on": false,
                "enterprise": false,
                "gallery": false,
                "hide": false
              }
            ],
            "features": [
              {
                "custom_single_sign_on_app": false,
                "enterprise_application": false,
                "gallery_application": false,
                "visible_to_users": true
              }
            ],
            "homepage_url": "",
            "id": "6a830153-425b-4b77-9afe-46545faa91e3",
            "login_url": "",
            "logout_url": "",
            "notes": "",
            "notification_email_addresses": [],
            "oauth2_permission_scope_ids": {},
            "oauth2_permission_scopes": [],
            "object_id": "6a830153-425b-4b77-9afe-46545faa91e3",
            "owners": [],
            "preferred_single_sign_on_mode": "",
            "redirect_uris": [],
            "saml_metadata_url": "",
            "saml_single_sign_on": [
              {
                "relay_state": ""
              }
            ],
            "service_principal_names": [],
            "sign_in_audience": "AzureADMyOrg",
            "tags": [],
            "timeouts": null,
            "type": "Application",
            "use_existing": null
          },
          "sensitive_attributes": [],
          "private": "eyJlMmJmYjczMC1lY2FhLTExZTYtOGY4OC0zNDM2M2JjN2M0YzAiOnsiY3JlYXRlIjo2MDAwMDAwMDAwMDAsImRlbGV0ZSI6MzAwMDAwMDAwMDAwLCJyZWFkIjozMDAwMDAwMDAwMDAsInVwZGF0ZSI6NjAwMDAwMDAwMDAwfX0=",
          "dependencies": [
            "azuread_application.app_aks_helm"
          ]
        }
      ]
    },
    {
      "mode": "managed",
      "type": "azuread_service_principal",
      "name": "spn_kasten",
      "provider": "provider[\"registry.terraform.io/hashicorp/azuread\"]",
      "instances": [
        {
          "schema_version": 0,
          "attributes": {
            "account_enabled": true,
            "alternative_names": [],
            "app_role_assignment_required": false,
            "app_role_ids": {},
            "app_roles": [],
            "application_id": "5d22915a-e3ca-4724-a649-fe0ef64e2359",
            "application_tenant_id": "558506eb-9459-4ef3-b920-ad55c555e729",
            "description": "",
            "display_name": "spn_kasten",
            "feature_tags": [
              {
                "custom_single_sign_on": false,
                "enterprise": false,
                "gallery": false,
                "hide": false
              }
            ],
            "features": [
              {
                "custom_single_sign_on_app": false,
                "enterprise_application": false,
                "gallery_application": false,
                "visible_to_users": true
              }
            ],
            "homepage_url": "",
            "id": "101d53c5-d619-4336-9947-329a542463c0",
            "login_url": "",
            "logout_url": "",
            "notes": "",
            "notification_email_addresses": [],
            "oauth2_permission_scope_ids": {},
            "oauth2_permission_scopes": [],
            "object_id": "101d53c5-d619-4336-9947-329a542463c0",
            "owners": [],
            "preferred_single_sign_on_mode": "",
            "redirect_uris": [],
            "saml_metadata_url": "",
            "saml_single_sign_on": [
              {
                "relay_state": ""
              }
            ],
            "service_principal_names": [],
            "sign_in_audience": "AzureADMyOrg",
            "tags": [],
            "timeouts": null,
            "type": "Application",
            "use_existing": null
          },
          "sensitive_attributes": [],
          "private": "eyJlMmJmYjczMC1lY2FhLTExZTYtOGY4OC0zNDM2M2JjN2M0YzAiOnsiY3JlYXRlIjo2MDAwMDAwMDAwMDAsImRlbGV0ZSI6MzAwMDAwMDAwMDAwLCJyZWFkIjozMDAwMDAwMDAwMDAsInVwZGF0ZSI6NjAwMDAwMDAwMDAwfX0=",
          "dependencies": [
            "azuread_application.app_kasten"
          ]
        }
      ]
    },
    {
      "mode": "managed",
      "type": "azuread_service_principal",
      "name": "spn_kubecost",
      "provider": "provider[\"registry.terraform.io/hashicorp/azuread\"]",
      "instances": [
        {
          "schema_version": 0,
          "attributes": {
            "account_enabled": true,
            "alternative_names": [],
            "app_role_assignment_required": false,
            "app_role_ids": {},
            "app_roles": [],
            "application_id": "d2ebdc4f-0b4c-4598-b955-74b64993463e",
            "application_tenant_id": "558506eb-9459-4ef3-b920-ad55c555e729",
            "description": "",
            "display_name": "spn_kubecost",
            "feature_tags": [
              {
                "custom_single_sign_on": false,
                "enterprise": false,
                "gallery": false,
                "hide": false
              }
            ],
            "features": [
              {
                "custom_single_sign_on_app": false,
                "enterprise_application": false,
                "gallery_application": false,
                "visible_to_users": true
              }
            ],
            "homepage_url": "",
            "id": "1c607737-f97d-4f3d-82c1-eebd7863e8d3",
            "login_url": "",
            "logout_url": "",
            "notes": "",
            "notification_email_addresses": [],
            "oauth2_permission_scope_ids": {},
            "oauth2_permission_scopes": [],
            "object_id": "1c607737-f97d-4f3d-82c1-eebd7863e8d3",
            "owners": [],
            "preferred_single_sign_on_mode": "",
            "redirect_uris": [],
            "saml_metadata_url": "",
            "saml_single_sign_on": [
              {
                "relay_state": ""
              }
            ],
            "service_principal_names": [],
            "sign_in_audience": "AzureADMyOrg",
            "tags": [],
            "timeouts": null,
            "type": "Application",
            "use_existing": null
          },
          "sensitive_attributes": [],
          "private": "eyJlMmJmYjczMC1lY2FhLTExZTYtOGY4OC0zNDM2M2JjN2M0YzAiOnsiY3JlYXRlIjo2MDAwMDAwMDAwMDAsImRlbGV0ZSI6MzAwMDAwMDAwMDAwLCJyZWFkIjozMDAwMDAwMDAwMDAsInVwZGF0ZSI6NjAwMDAwMDAwMDAwfX0=",
          "dependencies": [
            "azuread_application.app_kubecost"
          ]
        }
      ]
    },
    {
      "mode": "managed",
      "type": "azuread_service_principal",
      "name": "spn_velero",
      "provider": "provider[\"registry.terraform.io/hashicorp/azuread\"]",
      "instances": [
        {
          "schema_version": 0,
          "attributes": {
            "account_enabled": true,
            "alternative_names": [],
            "app_role_assignment_required": false,
            "app_role_ids": {},
            "app_roles": [],
            "application_id": "b3eacfb1-77d2-49e9-ad6e-6506d684c3db",
            "application_tenant_id": "558506eb-9459-4ef3-b920-ad55c555e729",
            "description": "",
            "display_name": "spn_velero",
            "feature_tags": [
              {
                "custom_single_sign_on": false,
                "enterprise": false,
                "gallery": false,
                "hide": false
              }
            ],
            "features": [
              {
                "custom_single_sign_on_app": false,
                "enterprise_application": false,
                "gallery_application": false,
                "visible_to_users": true
              }
            ],
            "homepage_url": "",
            "id": "9912ec05-00c1-46d1-859d-26514ffef082",
            "login_url": "",
            "logout_url": "",
            "notes": "",
            "notification_email_addresses": [],
            "oauth2_permission_scope_ids": {},
            "oauth2_permission_scopes": [],
            "object_id": "9912ec05-00c1-46d1-859d-26514ffef082",
            "owners": [],
            "preferred_single_sign_on_mode": "",
            "redirect_uris": [],
            "saml_metadata_url": "",
            "saml_single_sign_on": [
              {
                "relay_state": ""
              }
            ],
            "service_principal_names": [],
            "sign_in_audience": "AzureADMyOrg",
            "tags": [],
            "timeouts": null,
            "type": "Application",
            "use_existing": null
          },
          "sensitive_attributes": [],
          "private": "eyJlMmJmYjczMC1lY2FhLTExZTYtOGY4OC0zNDM2M2JjN2M0YzAiOnsiY3JlYXRlIjo2MDAwMDAwMDAwMDAsImRlbGV0ZSI6MzAwMDAwMDAwMDAwLCJyZWFkIjozMDAwMDAwMDAwMDAsInVwZGF0ZSI6NjAwMDAwMDAwMDAwfX0=",
          "dependencies": [
            "azuread_application.app_velero"
          ]
        }
      ]
    },
    {
      "mode": "managed",
      "type": "azuread_service_principal_password",
      "name": "password_spn_aks_helm",
      "provider": "provider[\"registry.terraform.io/hashicorp/azuread\"]",
      "instances": [
        {
          "schema_version": 1,
          "attributes": {
            "display_name": null,
            "end_date": "2024-09-07T18:56:55Z",
            "end_date_relative": null,
            "id": "6a830153-425b-4b77-9afe-46545faa91e3/password/904e9877-588a-4513-b045-70eb81ab25f9",
            "key_id": "904e9877-588a-4513-b045-70eb81ab25f9",
            "rotate_when_changed": null,
            "service_principal_id": "6a830153-425b-4b77-9afe-46545faa91e3",
            "start_date": "2022-09-07T18:56:55Z",
            "timeouts": null,
            "value": "Hg-8Q~daHtWNUqdVZugZOeAKfgYzr5WtzZL.Vbfp"
          },
          "sensitive_attributes": [],
          "private": "eyJlMmJmYjczMC1lY2FhLTExZTYtOGY4OC0zNDM2M2JjN2M0YzAiOnsiY3JlYXRlIjozMDAwMDAwMDAwMDAsImRlbGV0ZSI6MzAwMDAwMDAwMDAwLCJyZWFkIjozMDAwMDAwMDAwMDAsInVwZGF0ZSI6MzAwMDAwMDAwMDAwfSwic2NoZW1hX3ZlcnNpb24iOiIxIn0=",
          "dependencies": [
            "azuread_application.app_aks_helm",
            "azuread_service_principal.spn_aks_helm"
          ]
        }
      ]
    },
    {
      "mode": "managed",
      "type": "azuread_service_principal_password",
      "name": "password_spn_kasten",
      "provider": "provider[\"registry.terraform.io/hashicorp/azuread\"]",
      "instances": [
        {
          "schema_version": 1,
          "attributes": {
            "display_name": null,
            "end_date": "2024-09-07T18:56:55Z",
            "end_date_relative": null,
            "id": "101d53c5-d619-4336-9947-329a542463c0/password/3cc49f83-bcd4-4ecc-bb08-61b6edb814c5",
            "key_id": "3cc49f83-bcd4-4ecc-bb08-61b6edb814c5",
            "rotate_when_changed": null,
            "service_principal_id": "101d53c5-d619-4336-9947-329a542463c0",
            "start_date": "2022-09-07T18:56:55Z",
            "timeouts": null,
            "value": "LBd8Q~mxDSTPDJURgG65WVUIQeUzulOU3Etsac.B"
          },
          "sensitive_attributes": [],
          "private": "eyJlMmJmYjczMC1lY2FhLTExZTYtOGY4OC0zNDM2M2JjN2M0YzAiOnsiY3JlYXRlIjozMDAwMDAwMDAwMDAsImRlbGV0ZSI6MzAwMDAwMDAwMDAwLCJyZWFkIjozMDAwMDAwMDAwMDAsInVwZGF0ZSI6MzAwMDAwMDAwMDAwfSwic2NoZW1hX3ZlcnNpb24iOiIxIn0=",
          "dependencies": [
            "azuread_application.app_kasten",
            "azuread_service_principal.spn_kasten"
          ]
        }
      ]
    },
    {
      "mode": "managed",
      "type": "azuread_service_principal_password",
      "name": "password_spn_kubecost",
      "provider": "provider[\"registry.terraform.io/hashicorp/azuread\"]",
      "instances": [
        {
          "schema_version": 1,
          "attributes": {
            "display_name": null,
            "end_date": "2024-09-07T18:56:55Z",
            "end_date_relative": null,
            "id": "1c607737-f97d-4f3d-82c1-eebd7863e8d3/password/b1f00569-1010-426c-9836-1f25dfb889cf",
            "key_id": "b1f00569-1010-426c-9836-1f25dfb889cf",
            "rotate_when_changed": null,
            "service_principal_id": "1c607737-f97d-4f3d-82c1-eebd7863e8d3",
            "start_date": "2022-09-07T18:56:55Z",
            "timeouts": null,
            "value": "4ck8Q~QH-i6wvIMKbYH87PwkP~iHFYIjzdi1ncED"
          },
          "sensitive_attributes": [],
          "private": "eyJlMmJmYjczMC1lY2FhLTExZTYtOGY4OC0zNDM2M2JjN2M0YzAiOnsiY3JlYXRlIjozMDAwMDAwMDAwMDAsImRlbGV0ZSI6MzAwMDAwMDAwMDAwLCJyZWFkIjozMDAwMDAwMDAwMDAsInVwZGF0ZSI6MzAwMDAwMDAwMDAwfSwic2NoZW1hX3ZlcnNpb24iOiIxIn0=",
          "dependencies": [
            "azuread_application.app_kubecost",
            "azuread_service_principal.spn_kubecost"
          ]
        }
      ]
    },
    {
      "mode": "managed",
      "type": "azuread_service_principal_password",
      "name": "password_spn_velero",
      "provider": "provider[\"registry.terraform.io/hashicorp/azuread\"]",
      "instances": [
        {
          "schema_version": 1,
          "attributes": {
            "display_name": null,
            "end_date": "2024-09-07T18:56:55Z",
            "end_date_relative": null,
            "id": "9912ec05-00c1-46d1-859d-26514ffef082/password/258cd9a1-8b93-4958-9df8-8d5f1e8abc52",
            "key_id": "258cd9a1-8b93-4958-9df8-8d5f1e8abc52",
            "rotate_when_changed": null,
            "service_principal_id": "9912ec05-00c1-46d1-859d-26514ffef082",
            "start_date": "2022-09-07T18:56:55Z",
            "timeouts": null,
            "value": "yNL8Q~WGqtiX_DFsPLuD8nujjzqmJMqbLeXHdavp"
          },
          "sensitive_attributes": [],
          "private": "eyJlMmJmYjczMC1lY2FhLTExZTYtOGY4OC0zNDM2M2JjN2M0YzAiOnsiY3JlYXRlIjozMDAwMDAwMDAwMDAsImRlbGV0ZSI6MzAwMDAwMDAwMDAwLCJyZWFkIjozMDAwMDAwMDAwMDAsInVwZGF0ZSI6MzAwMDAwMDAwMDAwfSwic2NoZW1hX3ZlcnNpb24iOiIxIn0=",
          "dependencies": [
            "azuread_application.app_velero",
            "azuread_service_principal.spn_velero"
          ]
        }
      ]
    },
    {
      "mode": "managed",
      "type": "azurerm_resource_group",
      "name": "aks_backups",
      "provider": "provider[\"registry.terraform.io/hashicorp/azurerm\"]",
      "instances": [
        {
          "schema_version": 0,
          "attributes": {
            "id": "/subscriptions/17b12858-3960-4e6f-a663-a06fdae23428/resourceGroups/rg-aks-cluster-backups",
            "location": "northeurope",
            "name": "rg-aks-cluster-backups",
            "tags": {
              "environment": "development",
              "source": "terraform"
            },
            "timeouts": null
          },
          "sensitive_attributes": [],
          "private": "eyJlMmJmYjczMC1lY2FhLTExZTYtOGY4OC0zNDM2M2JjN2M0YzAiOnsiY3JlYXRlIjo1NDAwMDAwMDAwMDAwLCJkZWxldGUiOjU0MDAwMDAwMDAwMDAsInJlYWQiOjMwMDAwMDAwMDAwMCwidXBkYXRlIjo1NDAwMDAwMDAwMDAwfX0="
        }
      ]
    },
    {
      "mode": "managed",
      "type": "azurerm_role_assignment",
      "name": "kubecost",
      "provider": "provider[\"registry.terraform.io/hashicorp/azurerm\"]",
      "instances": [
        {
          "schema_version": 0,
          "attributes": {
            "condition": "",
            "condition_version": "",
            "delegated_managed_identity_resource_id": "",
            "description": "",
            "id": "/subscriptions/17b12858-3960-4e6f-a663-a06fdae23428/providers/Microsoft.Authorization/roleAssignments/1367f63d-c964-7564-41fb-b95e596c65b9",
            "name": "1367f63d-c964-7564-41fb-b95e596c65b9",
            "principal_id": "1c607737-f97d-4f3d-82c1-eebd7863e8d3",
            "principal_type": "ServicePrincipal",
            "role_definition_id": "/subscriptions/17b12858-3960-4e6f-a663-a06fdae23428/providers/Microsoft.Authorization/roleDefinitions/672d28e4-9e29-59bb-da47-547ce40a5870",
            "role_definition_name": "rate_card_query_kubecost_aks",
            "scope": "/subscriptions/17b12858-3960-4e6f-a663-a06fdae23428",
            "skip_service_principal_aad_check": null,
            "timeouts": null
          },
          "sensitive_attributes": [],
          "private": "eyJlMmJmYjczMC1lY2FhLTExZTYtOGY4OC0zNDM2M2JjN2M0YzAiOnsiY3JlYXRlIjoxODAwMDAwMDAwMDAwLCJkZWxldGUiOjE4MDAwMDAwMDAwMDAsInJlYWQiOjMwMDAwMDAwMDAwMCwidXBkYXRlIjoxODAwMDAwMDAwMDAwfX0=",
          "dependencies": [
            "azuread_service_principal.spn_kubecost",
            "azurerm_role_definition.kubecost",
            "data.azurerm_subscription.current"
          ]
        }
      ]
    },
    {
      "mode": "managed",
      "type": "azurerm_role_assignment",
      "name": "spn_kasten_role",
      "provider": "provider[\"registry.terraform.io/hashicorp/azurerm\"]",
      "instances": [
        {
          "schema_version": 0,
          "attributes": {
            "condition": "",
            "condition_version": "",
            "delegated_managed_identity_resource_id": "",
            "description": "",
            "id": "/subscriptions/17b12858-3960-4e6f-a663-a06fdae23428/providers/Microsoft.Authorization/roleAssignments/5fdfe6db-f3cf-8c32-99c6-a74e437669e0",
            "name": "5fdfe6db-f3cf-8c32-99c6-a74e437669e0",
            "principal_id": "101d53c5-d619-4336-9947-329a542463c0",
            "principal_type": "ServicePrincipal",
            "role_definition_id": "/subscriptions/17b12858-3960-4e6f-a663-a06fdae23428/providers/Microsoft.Authorization/roleDefinitions/b24988ac-6180-42a0-ab88-20f7382dd24c",
            "role_definition_name": "Contributor",
            "scope": "/subscriptions/17b12858-3960-4e6f-a663-a06fdae23428",
            "skip_service_principal_aad_check": null,
            "timeouts": null
          },
          "sensitive_attributes": [],
          "private": "eyJlMmJmYjczMC1lY2FhLTExZTYtOGY4OC0zNDM2M2JjN2M0YzAiOnsiY3JlYXRlIjoxODAwMDAwMDAwMDAwLCJkZWxldGUiOjE4MDAwMDAwMDAwMDAsInJlYWQiOjMwMDAwMDAwMDAwMCwidXBkYXRlIjoxODAwMDAwMDAwMDAwfX0=",
          "dependencies": [
            "azuread_application.app_kasten",
            "azuread_service_principal.spn_kasten",
            "data.azurerm_subscription.current"
          ]
        }
      ]
    },
    {
      "mode": "managed",
      "type": "azurerm_role_assignment",
      "name": "spn_velero_aks_node_rg",
      "provider": "provider[\"registry.terraform.io/hashicorp/azurerm\"]",
      "instances": [
        {
          "schema_version": 0,
          "attributes": {
            "condition": "",
            "condition_version": "",
            "delegated_managed_identity_resource_id": "",
            "description": "",
            "id": "/subscriptions/17b12858-3960-4e6f-a663-a06fdae23428/resourceGroups/rg-aks-cluster-managed/providers/Microsoft.Authorization/roleAssignments/795a593d-769d-a689-3eaa-2e4b1f817e55",
            "name": "795a593d-769d-a689-3eaa-2e4b1f817e55",
            "principal_id": "9912ec05-00c1-46d1-859d-26514ffef082",
            "principal_type": "ServicePrincipal",
            "role_definition_id": "/subscriptions/17b12858-3960-4e6f-a663-a06fdae23428/providers/Microsoft.Authorization/roleDefinitions/b24988ac-6180-42a0-ab88-20f7382dd24c",
            "role_definition_name": "Contributor",
            "scope": "/subscriptions/17b12858-3960-4e6f-a663-a06fdae23428/resourceGroups/rg-aks-cluster-managed",
            "skip_service_principal_aad_check": null,
            "timeouts": null
          },
          "sensitive_attributes": [],
          "private": "eyJlMmJmYjczMC1lY2FhLTExZTYtOGY4OC0zNDM2M2JjN2M0YzAiOnsiY3JlYXRlIjoxODAwMDAwMDAwMDAwLCJkZWxldGUiOjE4MDAwMDAwMDAwMDAsInJlYWQiOjMwMDAwMDAwMDAwMCwidXBkYXRlIjoxODAwMDAwMDAwMDAwfX0=",
          "dependencies": [
            "azuread_application.app_velero",
            "azuread_service_principal.spn_velero",
            "data.azurerm_kubernetes_cluster.aks",
            "data.azurerm_subscription.current"
          ]
        }
      ]
    },
    {
      "mode": "managed",
      "type": "azurerm_role_assignment",
      "name": "spn_velero_backup_rg",
      "provider": "provider[\"registry.terraform.io/hashicorp/azurerm\"]",
      "instances": [
        {
          "schema_version": 0,
          "attributes": {
            "condition": "",
            "condition_version": "",
            "delegated_managed_identity_resource_id": "",
            "description": "",
            "id": "/subscriptions/17b12858-3960-4e6f-a663-a06fdae23428/resourceGroups/rg-aks-cluster-backups/providers/Microsoft.Authorization/roleAssignments/eb10c9b2-910a-f651-92ee-d3015d38b3a4",
            "name": "eb10c9b2-910a-f651-92ee-d3015d38b3a4",
            "principal_id": "9912ec05-00c1-46d1-859d-26514ffef082",
            "principal_type": "ServicePrincipal",
            "role_definition_id": "/subscriptions/17b12858-3960-4e6f-a663-a06fdae23428/providers/Microsoft.Authorization/roleDefinitions/b24988ac-6180-42a0-ab88-20f7382dd24c",
            "role_definition_name": "Contributor",
            "scope": "/subscriptions/17b12858-3960-4e6f-a663-a06fdae23428/resourceGroups/rg-aks-cluster-backups",
            "skip_service_principal_aad_check": null,
            "timeouts": null
          },
          "sensitive_attributes": [],
          "private": "eyJlMmJmYjczMC1lY2FhLTExZTYtOGY4OC0zNDM2M2JjN2M0YzAiOnsiY3JlYXRlIjoxODAwMDAwMDAwMDAwLCJkZWxldGUiOjE4MDAwMDAwMDAwMDAsInJlYWQiOjMwMDAwMDAwMDAwMCwidXBkYXRlIjoxODAwMDAwMDAwMDAwfX0=",
          "dependencies": [
            "azuread_service_principal.spn_velero",
            "azurerm_resource_group.aks_backups"
          ]
        }
      ]
    },
    {
      "mode": "managed",
      "type": "azurerm_role_assignment",
      "name": "spn_velero_backup_storage",
      "provider": "provider[\"registry.terraform.io/hashicorp/azurerm\"]",
      "instances": [
        {
          "schema_version": 0,
          "attributes": {
            "condition": "",
            "condition_version": "",
            "delegated_managed_identity_resource_id": "",
            "description": "",
            "id": "/subscriptions/17b12858-3960-4e6f-a663-a06fdae23428/resourceGroups/rg-aks-cluster-backups/providers/Microsoft.Storage/storageAccounts/storageforaksbackup001/providers/Microsoft.Authorization/roleAssignments/4c932dd3-75a7-83be-c133-ff9711b365ea",
            "name": "4c932dd3-75a7-83be-c133-ff9711b365ea",
            "principal_id": "9912ec05-00c1-46d1-859d-26514ffef082",
            "principal_type": "ServicePrincipal",
            "role_definition_id": "/subscriptions/17b12858-3960-4e6f-a663-a06fdae23428/providers/Microsoft.Authorization/roleDefinitions/b24988ac-6180-42a0-ab88-20f7382dd24c",
            "role_definition_name": "Contributor",
            "scope": "/subscriptions/17b12858-3960-4e6f-a663-a06fdae23428/resourceGroups/rg-aks-cluster-backups/providers/Microsoft.Storage/storageAccounts/storageforaksbackup001",
            "skip_service_principal_aad_check": null,
            "timeouts": null
          },
          "sensitive_attributes": [],
          "private": "eyJlMmJmYjczMC1lY2FhLTExZTYtOGY4OC0zNDM2M2JjN2M0YzAiOnsiY3JlYXRlIjoxODAwMDAwMDAwMDAwLCJkZWxldGUiOjE4MDAwMDAwMDAwMDAsInJlYWQiOjMwMDAwMDAwMDAwMCwidXBkYXRlIjoxODAwMDAwMDAwMDAwfX0=",
          "dependencies": [
            "azuread_service_principal.spn_velero",
            "azurerm_resource_group.aks_backups",
            "azurerm_storage_account.aks_backups"
          ]
        }
      ]
    },
    {
      "mode": "managed",
      "type": "azurerm_role_assignment",
      "name": "spn_velero_backup_storage_key_operator",
      "provider": "provider[\"registry.terraform.io/hashicorp/azurerm\"]",
      "instances": [
        {
          "schema_version": 0,
          "attributes": {
            "condition": "",
            "condition_version": "",
            "delegated_managed_identity_resource_id": "",
            "description": "",
            "id": "/subscriptions/17b12858-3960-4e6f-a663-a06fdae23428/resourceGroups/rg-aks-cluster-backups/providers/Microsoft.Storage/storageAccounts/storageforaksbackup001/providers/Microsoft.Authorization/roleAssignments/9df9dec3-1158-8bd4-e0f3-3a3040bd0621",
            "name": "9df9dec3-1158-8bd4-e0f3-3a3040bd0621",
            "principal_id": "9912ec05-00c1-46d1-859d-26514ffef082",
            "principal_type": "ServicePrincipal",
            "role_definition_id": "/subscriptions/17b12858-3960-4e6f-a663-a06fdae23428/providers/Microsoft.Authorization/roleDefinitions/81a9662b-bebf-436f-a333-f67b29880f12",
            "role_definition_name": "Storage Account Key Operator Service Role",
            "scope": "/subscriptions/17b12858-3960-4e6f-a663-a06fdae23428/resourceGroups/rg-aks-cluster-backups/providers/Microsoft.Storage/storageAccounts/storageforaksbackup001",
            "skip_service_principal_aad_check": null,
            "timeouts": null
          },
          "sensitive_attributes": [],
          "private": "eyJlMmJmYjczMC1lY2FhLTExZTYtOGY4OC0zNDM2M2JjN2M0YzAiOnsiY3JlYXRlIjoxODAwMDAwMDAwMDAwLCJkZWxldGUiOjE4MDAwMDAwMDAwMDAsInJlYWQiOjMwMDAwMDAwMDAwMCwidXBkYXRlIjoxODAwMDAwMDAwMDAwfX0=",
          "dependencies": [
            "azuread_service_principal.spn_velero",
            "azurerm_resource_group.aks_backups",
            "azurerm_storage_account.aks_backups"
          ]
        }
      ]
    },
    {
      "mode": "managed",
      "type": "azurerm_role_definition",
      "name": "kubecost",
      "provider": "provider[\"registry.terraform.io/hashicorp/azurerm\"]",
      "instances": [
        {
          "schema_version": 1,
          "attributes": {
            "assignable_scopes": [
              "/subscriptions/17b12858-3960-4e6f-a663-a06fdae23428"
            ],
            "description": "kubecost Rate Card query role",
            "id": "/subscriptions/17b12858-3960-4e6f-a663-a06fdae23428/providers/Microsoft.Authorization/roleDefinitions/672d28e4-9e29-59bb-da47-547ce40a5870|/subscriptions/17b12858-3960-4e6f-a663-a06fdae23428",
            "name": "rate_card_query_kubecost_aks",
            "permissions": [
              {
                "actions": [
                  "Microsoft.Compute/virtualMachines/vmSizes/read",
                  "Microsoft.Resources/subscriptions/locations/read",
                  "Microsoft.Resources/providers/read",
                  "Microsoft.ContainerService/containerServices/read",
                  "Microsoft.Commerce/RateCard/read"
                ],
                "data_actions": null,
                "not_actions": [],
                "not_data_actions": null
              }
            ],
            "role_definition_id": "672d28e4-9e29-59bb-da47-547ce40a5870",
            "role_definition_resource_id": "/subscriptions/17b12858-3960-4e6f-a663-a06fdae23428/providers/Microsoft.Authorization/roleDefinitions/672d28e4-9e29-59bb-da47-547ce40a5870",
            "scope": "/subscriptions/17b12858-3960-4e6f-a663-a06fdae23428",
            "timeouts": null
          },
          "sensitive_attributes": [],
          "private": "eyJlMmJmYjczMC1lY2FhLTExZTYtOGY4OC0zNDM2M2JjN2M0YzAiOnsiY3JlYXRlIjoxODAwMDAwMDAwMDAwLCJkZWxldGUiOjE4MDAwMDAwMDAwMDAsInJlYWQiOjMwMDAwMDAwMDAwMCwidXBkYXRlIjozNjAwMDAwMDAwMDAwfSwic2NoZW1hX3ZlcnNpb24iOiIxIn0=",
          "dependencies": [
            "data.azurerm_subscription.current"
          ]
        }
      ]
    },
    {
      "mode": "managed",
      "type": "azurerm_storage_account",
      "name": "aks_backups",
      "provider": "provider[\"registry.terraform.io/hashicorp/azurerm\"]",
      "instances": [
        {
          "schema_version": 3,
          "attributes": {
            "access_tier": "Hot",
            "account_kind": "StorageV2",
            "account_replication_type": "GRS",
            "account_tier": "Standard",
            "allow_nested_items_to_be_public": true,
            "azure_files_authentication": [],
            "blob_properties": [
              {
                "change_feed_enabled": false,
                "change_feed_retention_in_days": 0,
                "container_delete_retention_policy": [],
                "cors_rule": [],
                "default_service_version": "",
                "delete_retention_policy": [],
                "last_access_time_enabled": false,
                "versioning_enabled": false
              }
            ],
            "cross_tenant_replication_enabled": true,
            "custom_domain": [],
            "customer_managed_key": [],
            "default_to_oauth_authentication": false,
            "edge_zone": "",
            "enable_https_traffic_only": true,
            "id": "/subscriptions/17b12858-3960-4e6f-a663-a06fdae23428/resourceGroups/rg-aks-cluster-backups/providers/Microsoft.Storage/storageAccounts/storageforaksbackup001",
            "identity": [],
            "infrastructure_encryption_enabled": false,
            "is_hns_enabled": false,
            "large_file_share_enabled": null,
            "location": "northeurope",
            "min_tls_version": "TLS1_2",
            "name": "storageforaksbackup001",
            "network_rules": [
              {
                "bypass": [
                  "AzureServices"
                ],
                "default_action": "Allow",
                "ip_rules": [],
                "private_link_access": [],
                "virtual_network_subnet_ids": []
              }
            ],
            "nfsv3_enabled": false,
            "primary_access_key": "vryruWx4nu1dv4LRMah5oxEgPlef1ZpfNamLXVl3LRXAVlEuFGQx2VjAqg1Sym27bHINakMNGuzy+ASt6hRDCg==",
            "primary_blob_connection_string": "DefaultEndpointsProtocol=https;BlobEndpoint=https://storageforaksbackup001.blob.core.windows.net/;AccountName=storageforaksbackup001;AccountKey=vryruWx4nu1dv4LRMah5oxEgPlef1ZpfNamLXVl3LRXAVlEuFGQx2VjAqg1Sym27bHINakMNGuzy+ASt6hRDCg==",
            "primary_blob_endpoint": "https://storageforaksbackup001.blob.core.windows.net/",
            "primary_blob_host": "storageforaksbackup001.blob.core.windows.net",
            "primary_connection_string": "DefaultEndpointsProtocol=https;AccountName=storageforaksbackup001;AccountKey=vryruWx4nu1dv4LRMah5oxEgPlef1ZpfNamLXVl3LRXAVlEuFGQx2VjAqg1Sym27bHINakMNGuzy+ASt6hRDCg==;EndpointSuffix=core.windows.net",
            "primary_dfs_endpoint": "https://storageforaksbackup001.dfs.core.windows.net/",
            "primary_dfs_host": "storageforaksbackup001.dfs.core.windows.net",
            "primary_file_endpoint": "https://storageforaksbackup001.file.core.windows.net/",
            "primary_file_host": "storageforaksbackup001.file.core.windows.net",
            "primary_location": "northeurope",
            "primary_queue_endpoint": "https://storageforaksbackup001.queue.core.windows.net/",
            "primary_queue_host": "storageforaksbackup001.queue.core.windows.net",
            "primary_table_endpoint": "https://storageforaksbackup001.table.core.windows.net/",
            "primary_table_host": "storageforaksbackup001.table.core.windows.net",
            "primary_web_endpoint": "https://storageforaksbackup001.z16.web.core.windows.net/",
            "primary_web_host": "storageforaksbackup001.z16.web.core.windows.net",
            "queue_encryption_key_type": "Service",
            "queue_properties": [
              {
                "cors_rule": [],
                "hour_metrics": [
                  {
                    "enabled": true,
                    "include_apis": true,
                    "retention_policy_days": 7,
                    "version": "1.0"
                  }
                ],
                "logging": [
                  {
                    "delete": false,
                    "read": false,
                    "retention_policy_days": 0,
                    "version": "1.0",
                    "write": false
                  }
                ],
                "minute_metrics": [
                  {
                    "enabled": false,
                    "include_apis": false,
                    "retention_policy_days": 0,
                    "version": "1.0"
                  }
                ]
              }
            ],
            "resource_group_name": "rg-aks-cluster-backups",
            "routing": [],
            "secondary_access_key": "zEuCGWH7Czpg79sRuDP76Joy7YiS9E/p3nK6RkaiWVFwgfRb/QmsyZFvvT8v4ilcFLc/Pw4if1SO+AStiNkyMw==",
            "secondary_blob_connection_string": "",
            "secondary_blob_endpoint": null,
            "secondary_blob_host": null,
            "secondary_connection_string": "DefaultEndpointsProtocol=https;AccountName=storageforaksbackup001;AccountKey=zEuCGWH7Czpg79sRuDP76Joy7YiS9E/p3nK6RkaiWVFwgfRb/QmsyZFvvT8v4ilcFLc/Pw4if1SO+AStiNkyMw==;EndpointSuffix=core.windows.net",
            "secondary_dfs_endpoint": null,
            "secondary_dfs_host": null,
            "secondary_file_endpoint": null,
            "secondary_file_host": null,
            "secondary_location": "westeurope",
            "secondary_queue_endpoint": null,
            "secondary_queue_host": null,
            "secondary_table_endpoint": null,
            "secondary_table_host": null,
            "secondary_web_endpoint": null,
            "secondary_web_host": null,
            "share_properties": [
              {
                "cors_rule": [],
                "retention_policy": [
                  {
                    "days": 7
                  }
                ],
                "smb": []
              }
            ],
            "shared_access_key_enabled": true,
            "static_website": [],
            "table_encryption_key_type": "Service",
            "tags": {
              "environment": "development",
              "source": "terraform"
            },
            "timeouts": null
          },
          "sensitive_attributes": [],
          "private": "eyJlMmJmYjczMC1lY2FhLTExZTYtOGY4OC0zNDM2M2JjN2M0YzAiOnsiY3JlYXRlIjozNjAwMDAwMDAwMDAwLCJkZWxldGUiOjM2MDAwMDAwMDAwMDAsInJlYWQiOjMwMDAwMDAwMDAwMCwidXBkYXRlIjozNjAwMDAwMDAwMDAwfSwic2NoZW1hX3ZlcnNpb24iOiIzIn0=",
          "dependencies": [
            "azurerm_resource_group.aks_backups"
          ]
        }
      ]
    },
    {
      "mode": "managed",
      "type": "azurerm_storage_container",
      "name": "aks_backups",
      "provider": "provider[\"registry.terraform.io/hashicorp/azurerm\"]",
      "instances": [
        {
          "schema_version": 1,
          "attributes": {
            "container_access_type": "private",
            "has_immutability_policy": false,
            "has_legal_hold": false,
            "id": "https://storageforaksbackup001.blob.core.windows.net/velero",
            "metadata": {},
            "name": "velero",
            "resource_manager_id": "/subscriptions/17b12858-3960-4e6f-a663-a06fdae23428/resourceGroups/rg-aks-cluster-backups/providers/Microsoft.Storage/storageAccounts/storageforaksbackup001/blobServices/default/containers/velero",
            "storage_account_name": "storageforaksbackup001",
            "timeouts": null
          },
          "sensitive_attributes": [],
          "private": "eyJlMmJmYjczMC1lY2FhLTExZTYtOGY4OC0zNDM2M2JjN2M0YzAiOnsiY3JlYXRlIjoxODAwMDAwMDAwMDAwLCJkZWxldGUiOjE4MDAwMDAwMDAwMDAsInJlYWQiOjMwMDAwMDAwMDAwMCwidXBkYXRlIjoxODAwMDAwMDAwMDAwfSwic2NoZW1hX3ZlcnNpb24iOiIxIn0=",
          "dependencies": [
            "azurerm_resource_group.aks_backups",
            "azurerm_storage_account.aks_backups"
          ]
        }
      ]
    },
    {
      "mode": "managed",
      "type": "helm_release",
      "name": "argo_cd",
      "provider": "provider[\"registry.terraform.io/hashicorp/helm\"].aks-module",
      "instances": [
        {
          "schema_version": 0,
          "attributes": {
            "atomic": false,
            "chart": "argo-cd",
            "cleanup_on_fail": false,
            "create_namespace": false,
            "dependency_update": false,
            "description": null,
            "devel": null,
            "disable_crd_hooks": false,
            "disable_openapi_validation": false,
            "disable_webhooks": false,
            "force_update": false,
            "id": "argo",
            "keyring": null,
            "lint": false,
            "manifest": null,
            "max_history": 0,
            "metadata": [
              {
                "app_version": "v2.3.4",
                "chart": "argo-cd",
                "name": "argo",
                "namespace": "gitops",
                "revision": 1,
                "values": "{\"server\":{\"ingress\":{\"annotations\":{\"nginx.ingress.kubernetes.io/rewrite-target\":\"/$1\",\"nginx.ingress.kubernetes.io/ssl-redirect\":\"false\",\"nginx.ingress.kubernetes.io/use-regex\":\"true\"},\"enabled\":true,\"https\":true,\"ingressClassName\":\"nginx\",\"pathType\":\"Prefix\",\"paths\":[\"/argocd(.*)\"]}}}",
                "version": "4.8.2"
              }
            ],
            "name": "argo",
            "namespace": "gitops",
            "pass_credentials": false,
            "postrender": [],
            "recreate_pods": false,
            "render_subchart_notes": true,
            "replace": false,
            "repository": "https://argoproj.github.io/argo-helm",
            "repository_ca_file": null,
            "repository_cert_file": null,
            "repository_key_file": null,
            "repository_password": null,
            "repository_username": null,
            "reset_values": false,
            "reuse_values": false,
            "set": [
              {
                "name": "server.ingress.annotations.nginx\\.ingress\\.kubernetes\\.io/rewrite-target",
                "type": "",
                "value": "/$1"
              },
              {
                "name": "server.ingress.annotations.nginx\\.ingress\\.kubernetes\\.io/ssl-redirect",
                "type": "string",
                "value": "false"
              },
              {
                "name": "server.ingress.annotations.nginx\\.ingress\\.kubernetes\\.io/use-regex",
                "type": "string",
                "value": "true"
              },
              {
                "name": "server.ingress.enabled",
                "type": "",
                "value": "true"
              },
              {
                "name": "server.ingress.https",
                "type": "",
                "value": "true"
              },
              {
                "name": "server.ingress.ingressClassName",
                "type": "",
                "value": "nginx"
              },
              {
                "name": "server.ingress.pathType",
                "type": "",
                "value": "Prefix"
              },
              {
                "name": "server.ingress.paths",
                "type": "",
                "value": "{/argocd(.*)}"
              }
            ],
            "set_sensitive": [],
            "skip_crds": false,
            "status": "deployed",
            "timeout": 300,
            "values": null,
            "verify": false,
            "version": "4.8.2",
            "wait": true,
            "wait_for_jobs": false
          },
          "sensitive_attributes": [],
          "private": "bnVsbA==",
          "dependencies": [
            "azuread_application.app_aks_helm",
            "azuread_service_principal.spn_aks_helm",
            "azuread_service_principal_password.password_spn_aks_helm",
            "data.azuread_service_principal.aks_aad_server",
            "data.azurerm_kubernetes_cluster.aks",
            "data.azurerm_subscription.current",
            "kubernetes_namespace.argo_cd"
          ]
        }
      ]
    },
    {
      "mode": "managed",
      "type": "helm_release",
      "name": "harbor",
      "provider": "provider[\"registry.terraform.io/hashicorp/helm\"].aks-module",
      "instances": [
        {
          "schema_version": 0,
          "attributes": {
            "atomic": false,
            "chart": "harbor",
            "cleanup_on_fail": false,
            "create_namespace": false,
            "dependency_update": false,
            "description": null,
            "devel": null,
            "disable_crd_hooks": false,
            "disable_openapi_validation": false,
            "disable_webhooks": false,
            "force_update": false,
            "id": "harbor",
            "keyring": null,
            "lint": false,
            "manifest": null,
            "max_history": 0,
            "metadata": [
              {
                "app_version": "2.6.0",
                "chart": "harbor",
                "name": "harbor",
                "namespace": "harbor",
                "revision": 1,
                "values": "{\"clair\":{\"enabled\":true},\"expose\":{\"ingress\":{\"className\":\"nginx\"},\"type\":\"ingress\"},\"harborAdminPassword\":\"@Aa123456789\",\"notary\":{\"enabled\":true},\"persistence\":{\"enabled\":true},\"trace\":{\"enabled\":true},\"trivy\":{\"enabled\":true}}",
                "version": "1.10.0"
              }
            ],
            "name": "harbor",
            "namespace": "harbor",
            "pass_credentials": false,
            "postrender": [],
            "recreate_pods": false,
            "render_subchart_notes": true,
            "replace": false,
            "repository": "https://helm.goharbor.io",
            "repository_ca_file": null,
            "repository_cert_file": null,
            "repository_key_file": null,
            "repository_password": null,
            "repository_username": null,
            "reset_values": false,
            "reuse_values": false,
            "set": [
              {
                "name": "clair.enabled",
                "type": "",
                "value": "true"
              },
              {
                "name": "expose.ingress.className",
                "type": "",
                "value": "nginx"
              },
              {
                "name": "expose.type",
                "type": "",
                "value": "ingress"
              },
              {
                "name": "harborAdminPassword",
                "type": "",
                "value": "@Aa123456789"
              },
              {
                "name": "notary.enabled",
                "type": "",
                "value": "true"
              },
              {
                "name": "persistence.enabled",
                "type": "",
                "value": "true"
              },
              {
                "name": "trace.enabled",
                "type": "",
                "value": "true"
              },
              {
                "name": "trivy.enabled",
                "type": "",
                "value": "true"
              }
            ],
            "set_sensitive": [],
            "skip_crds": false,
            "status": "deployed",
            "timeout": 300,
            "values": null,
            "verify": false,
            "version": "1.10.0",
            "wait": true,
            "wait_for_jobs": false
          },
          "sensitive_attributes": [],
          "private": "bnVsbA==",
          "dependencies": [
            "azuread_application.app_aks_helm",
            "azuread_service_principal.spn_aks_helm",
            "azuread_service_principal_password.password_spn_aks_helm",
            "data.azuread_service_principal.aks_aad_server",
            "data.azurerm_kubernetes_cluster.aks",
            "data.azurerm_subscription.current",
            "kubernetes_namespace.harbor"
          ]
        }
      ]
    },
    {
      "mode": "managed",
      "type": "helm_release",
      "name": "kasten",
      "provider": "provider[\"registry.terraform.io/hashicorp/helm\"].aks-module",
      "instances": [
        {
          "schema_version": 0,
          "attributes": {
            "atomic": false,
            "chart": "k10",
            "cleanup_on_fail": false,
            "create_namespace": false,
            "dependency_update": false,
            "description": null,
            "devel": null,
            "disable_crd_hooks": false,
            "disable_openapi_validation": false,
            "disable_webhooks": false,
            "force_update": false,
            "id": "k10",
            "keyring": null,
            "lint": false,
            "manifest": null,
            "max_history": 0,
            "metadata": [
              {
                "app_version": "5.0.7",
                "chart": "k10",
                "name": "k10",
                "namespace": "kasten-io",
                "revision": 1,
                "values": "{\"secrets\":{\"azureClientId\":\"5d22915a-e3ca-4724-a649-fe0ef64e2359\",\"azureClientSecret\":\"LBd8Q~mxDSTPDJURgG65WVUIQeUzulOU3Etsac.B\",\"azureTenantId\":\"558506eb-9459-4ef3-b920-ad55c555e729\"},\"services\":{\"dashboardbff\":{\"hostNetwork\":true}}}",
                "version": "5.0.7"
              }
            ],
            "name": "k10",
            "namespace": "kasten-io",
            "pass_credentials": false,
            "postrender": [],
            "recreate_pods": false,
            "render_subchart_notes": true,
            "replace": false,
            "repository": "https://charts.kasten.io/",
            "repository_ca_file": null,
            "repository_cert_file": null,
            "repository_key_file": null,
            "repository_password": null,
            "repository_username": null,
            "reset_values": false,
            "reuse_values": false,
            "set": [
              {
                "name": "secrets.azureClientId",
                "type": "",
                "value": "5d22915a-e3ca-4724-a649-fe0ef64e2359"
              },
              {
                "name": "secrets.azureClientSecret",
                "type": "",
                "value": "LBd8Q~mxDSTPDJURgG65WVUIQeUzulOU3Etsac.B"
              },
              {
                "name": "secrets.azureTenantId",
                "type": "",
                "value": "558506eb-9459-4ef3-b920-ad55c555e729"
              },
              {
                "name": "services.dashboardbff.hostNetwork",
                "type": "",
                "value": "true"
              }
            ],
            "set_sensitive": [],
            "skip_crds": false,
            "status": "deployed",
            "timeout": 300,
            "values": null,
            "verify": false,
            "version": "5.0.7",
            "wait": true,
            "wait_for_jobs": false
          },
          "sensitive_attributes": [
            [
              {
                "type": "get_attr",
                "value": "set"
              }
            ]
          ],
          "private": "bnVsbA==",
          "dependencies": [
            "azuread_application.app_kasten",
            "azuread_service_principal.spn_aks_helm",
            "azuread_service_principal_password.password_spn_aks_helm",
            "azuread_service_principal_password.password_spn_kasten",
            "data.azuread_service_principal.aks_aad_server",
            "data.azurerm_kubernetes_cluster.aks",
            "data.azurerm_subscription.current",
            "kubernetes_namespace.kasten"
          ]
        }
      ]
    },
    {
      "mode": "managed",
      "type": "helm_release",
      "name": "keda",
      "provider": "provider[\"registry.terraform.io/hashicorp/helm\"].aks-module",
      "instances": [
        {
          "schema_version": 0,
          "attributes": {
            "atomic": false,
            "chart": "keda",
            "cleanup_on_fail": false,
            "create_namespace": false,
            "dependency_update": false,
            "description": null,
            "devel": null,
            "disable_crd_hooks": false,
            "disable_openapi_validation": false,
            "disable_webhooks": false,
            "force_update": false,
            "id": "keda",
            "keyring": null,
            "lint": false,
            "manifest": null,
            "max_history": 0,
            "metadata": [
              {
                "app_version": "2.7.1",
                "chart": "keda",
                "name": "keda",
                "namespace": "keda",
                "revision": 1,
                "values": "null",
                "version": "2.7.2"
              }
            ],
            "name": "keda",
            "namespace": "keda",
            "pass_credentials": false,
            "postrender": [],
            "recreate_pods": false,
            "render_subchart_notes": true,
            "replace": false,
            "repository": "https://kedacore.github.io/charts",
            "repository_ca_file": null,
            "repository_cert_file": null,
            "repository_key_file": null,
            "repository_password": null,
            "repository_username": null,
            "reset_values": false,
            "reuse_values": false,
            "set": [],
            "set_sensitive": [],
            "skip_crds": false,
            "status": "deployed",
            "timeout": 300,
            "values": null,
            "verify": false,
            "version": "2.7.2",
            "wait": true,
            "wait_for_jobs": false
          },
          "sensitive_attributes": [],
          "private": "bnVsbA==",
          "dependencies": [
            "azuread_application.app_aks_helm",
            "azuread_service_principal.spn_aks_helm",
            "azuread_service_principal_password.password_spn_aks_helm",
            "data.azuread_service_principal.aks_aad_server",
            "data.azurerm_kubernetes_cluster.aks",
            "data.azurerm_subscription.current",
            "kubernetes_namespace.keda"
          ]
        }
      ]
    },
    {
      "mode": "managed",
      "type": "helm_release",
      "name": "kubecost",
      "provider": "provider[\"registry.terraform.io/hashicorp/helm\"].aks-module",
      "instances": [
        {
          "schema_version": 0,
          "attributes": {
            "atomic": false,
            "chart": "cost-analyzer",
            "cleanup_on_fail": false,
            "create_namespace": false,
            "dependency_update": false,
            "description": null,
            "devel": null,
            "disable_crd_hooks": false,
            "disable_openapi_validation": false,
            "disable_webhooks": false,
            "force_update": false,
            "id": "kubecost",
            "keyring": null,
            "lint": false,
            "manifest": null,
            "max_history": 0,
            "metadata": [
              {
                "app_version": "1.96.0",
                "chart": "cost-analyzer",
                "name": "kubecost",
                "namespace": "finops",
                "revision": 1,
                "values": "{\"global\":{\"prometheus\":{\"enabled\":true}},\"kubecostProductConfigs\":{\"azureBillingRegion\":\"NL\",\"azureClientID\":\"d2ebdc4f-0b4c-4598-b955-74b64993463e\",\"azureClientPassword\":\"4ck8Q~QH-i6wvIMKbYH87PwkP~iHFYIjzdi1ncED\",\"azureSubscriptionID\":\"17b12858-3960-4e6f-a663-a06fdae23428\",\"azureTenantID\":\"558506eb-9459-4ef3-b920-ad55c555e729\",\"clusterName\":\"aks-cluster\",\"createServiceKeySecret\":true,\"currencyCode\":\"EUR\"},\"kubecostToken\":\"aG91c3NlbS5kZWxsYWlAbGl2ZS5jb20=xm343yadf98\"}",
                "version": "1.96.0"
              }
            ],
            "name": "kubecost",
            "namespace": "finops",
            "pass_credentials": false,
            "postrender": [],
            "recreate_pods": false,
            "render_subchart_notes": true,
            "replace": false,
            "repository": "https://kubecost.github.io/cost-analyzer/",
            "repository_ca_file": null,
            "repository_cert_file": null,
            "repository_key_file": null,
            "repository_password": null,
            "repository_username": null,
            "reset_values": false,
            "reuse_values": false,
            "set": [
              {
                "name": "global.prometheus.enabled",
                "type": "",
                "value": "true"
              },
              {
                "name": "kubecostProductConfigs.azureBillingRegion",
                "type": "",
                "value": "NL"
              },
              {
                "name": "kubecostProductConfigs.azureClientID",
                "type": "",
                "value": "d2ebdc4f-0b4c-4598-b955-74b64993463e"
              },
              {
                "name": "kubecostProductConfigs.azureClientPassword",
                "type": "",
                "value": "4ck8Q~QH-i6wvIMKbYH87PwkP~iHFYIjzdi1ncED"
              },
              {
                "name": "kubecostProductConfigs.azureSubscriptionID",
                "type": "",
                "value": "17b12858-3960-4e6f-a663-a06fdae23428"
              },
              {
                "name": "kubecostProductConfigs.azureTenantID",
                "type": "",
                "value": "558506eb-9459-4ef3-b920-ad55c555e729"
              },
              {
                "name": "kubecostProductConfigs.clusterName",
                "type": "",
                "value": "aks-cluster"
              },
              {
                "name": "kubecostProductConfigs.createServiceKeySecret",
                "type": "",
                "value": "true"
              },
              {
                "name": "kubecostProductConfigs.currencyCode",
                "type": "",
                "value": "EUR"
              },
              {
                "name": "kubecostToken",
                "type": "",
                "value": "aG91c3NlbS5kZWxsYWlAbGl2ZS5jb20=xm343yadf98"
              }
            ],
            "set_sensitive": [],
            "skip_crds": false,
            "status": "deployed",
            "timeout": 300,
            "values": null,
            "verify": false,
            "version": "1.96.0",
            "wait": true,
            "wait_for_jobs": false
          },
          "sensitive_attributes": [
            [
              {
                "type": "get_attr",
                "value": "set"
              }
            ]
          ],
          "private": "bnVsbA==",
          "dependencies": [
            "azuread_application.app_aks_helm",
            "azuread_application.app_kubecost",
            "azuread_service_principal.spn_aks_helm",
            "azuread_service_principal.spn_kubecost",
            "azuread_service_principal_password.password_spn_aks_helm",
            "azuread_service_principal_password.password_spn_kubecost",
            "data.azuread_service_principal.aks_aad_server",
            "data.azurerm_kubernetes_cluster.aks",
            "data.azurerm_subscription.current",
            "kubernetes_namespace.kubecost"
          ]
        }
      ]
    },
    {
      "mode": "managed",
      "type": "helm_release",
      "name": "nginx_ingress",
      "provider": "provider[\"registry.terraform.io/hashicorp/helm\"].aks-module",
      "instances": [
        {
          "schema_version": 0,
          "attributes": {
            "atomic": false,
            "chart": "ingress-nginx",
            "cleanup_on_fail": false,
            "create_namespace": false,
            "dependency_update": false,
            "description": null,
            "devel": null,
            "disable_crd_hooks": false,
            "disable_openapi_validation": false,
            "disable_webhooks": false,
            "force_update": false,
            "id": "ingress-nginx",
            "keyring": null,
            "lint": false,
            "manifest": null,
            "max_history": 0,
            "metadata": [
              {
                "app_version": "1.2.1",
                "chart": "ingress-nginx",
                "name": "ingress-nginx",
                "namespace": "ingress",
                "revision": 1,
                "values": "{\"controller\":{\"autoscaling\":{\"enabled\":true,\"maxReplicas\":10,\"minReplicas\":2},\"service\":{\"internal\":{\"annotations\":{\"service.beta.kubernetes.io/azure-load-balancer-internal\":\"true\"},\"enabled\":true},\"type\":\"LoadBalancer\"}}}",
                "version": "4.1.3"
              }
            ],
            "name": "ingress-nginx",
            "namespace": "ingress",
            "pass_credentials": false,
            "postrender": [],
            "recreate_pods": false,
            "render_subchart_notes": true,
            "replace": false,
            "repository": "https://kubernetes.github.io/ingress-nginx",
            "repository_ca_file": null,
            "repository_cert_file": null,
            "repository_key_file": null,
            "repository_password": null,
            "repository_username": null,
            "reset_values": false,
            "reuse_values": false,
            "set": [
              {
                "name": "controller.autoscaling.enabled",
                "type": "",
                "value": "true"
              },
              {
                "name": "controller.autoscaling.maxReplicas",
                "type": "",
                "value": "10"
              },
              {
                "name": "controller.autoscaling.minReplicas",
                "type": "",
                "value": "2"
              },
              {
                "name": "controller.service.internal.annotations.service\\.beta\\.kubernetes\\.io/azure-load-balancer-internal",
                "type": "string",
                "value": "true"
              },
              {
                "name": "controller.service.internal.enabled",
                "type": "",
                "value": "true"
              },
              {
                "name": "controller.service.type",
                "type": "",
                "value": "LoadBalancer"
              }
            ],
            "set_sensitive": [],
            "skip_crds": false,
            "status": "deployed",
            "timeout": 300,
            "values": null,
            "verify": false,
            "version": "4.1.3",
            "wait": true,
            "wait_for_jobs": false
          },
          "sensitive_attributes": [],
          "private": "bnVsbA==",
          "dependencies": [
            "azuread_application.app_aks_helm",
            "azuread_service_principal.spn_aks_helm",
            "azuread_service_principal_password.password_spn_aks_helm",
            "data.azuread_service_principal.aks_aad_server",
            "data.azurerm_kubernetes_cluster.aks",
            "data.azurerm_subscription.current",
            "kubernetes_namespace.nginx_ingress"
          ]
        }
      ]
    },
    {
      "mode": "managed",
      "type": "kubernetes_namespace",
      "name": "argo_cd",
      "provider": "provider[\"registry.terraform.io/hashicorp/kubernetes\"].aks-module",
      "instances": [
        {
          "schema_version": 0,
          "attributes": {
            "id": "gitops",
            "metadata": [
              {
                "annotations": {},
                "generate_name": "",
                "generation": 0,
                "labels": {},
                "name": "gitops",
                "resource_version": "41567",
                "uid": "0111d189-c665-4459-b3da-e63023c4b3fe"
              }
            ],
            "timeouts": null
          },
          "sensitive_attributes": [],
          "private": "eyJlMmJmYjczMC1lY2FhLTExZTYtOGY4OC0zNDM2M2JjN2M0YzAiOnsiZGVsZXRlIjozMDAwMDAwMDAwMDB9fQ==",
          "dependencies": [
            "azuread_application.app_aks_helm",
            "azuread_service_principal.spn_aks_helm",
            "azuread_service_principal_password.password_spn_aks_helm",
            "data.azuread_service_principal.aks_aad_server",
            "data.azurerm_kubernetes_cluster.aks",
            "data.azurerm_subscription.current"
          ]
        }
      ]
    },
    {
      "mode": "managed",
      "type": "kubernetes_namespace",
      "name": "harbor",
      "provider": "provider[\"registry.terraform.io/hashicorp/kubernetes\"].aks-module",
      "instances": [
        {
          "schema_version": 0,
          "attributes": {
            "id": "harbor",
            "metadata": [
              {
                "annotations": {},
                "generate_name": "",
                "generation": 0,
                "labels": {},
                "name": "harbor",
                "resource_version": "41573",
                "uid": "20de1f27-f15d-4ae7-a3f5-649b5183c4be"
              }
            ],
            "timeouts": null
          },
          "sensitive_attributes": [],
          "private": "eyJlMmJmYjczMC1lY2FhLTExZTYtOGY4OC0zNDM2M2JjN2M0YzAiOnsiZGVsZXRlIjozMDAwMDAwMDAwMDB9fQ==",
          "dependencies": [
            "azuread_application.app_aks_helm",
            "azuread_service_principal.spn_aks_helm",
            "azuread_service_principal_password.password_spn_aks_helm",
            "data.azuread_service_principal.aks_aad_server",
            "data.azurerm_kubernetes_cluster.aks",
            "data.azurerm_subscription.current"
          ]
        }
      ]
    },
    {
      "mode": "managed",
      "type": "kubernetes_namespace",
      "name": "kasten",
      "provider": "provider[\"registry.terraform.io/hashicorp/kubernetes\"].aks-module",
      "instances": [
        {
          "schema_version": 0,
          "attributes": {
            "id": "kasten-io",
            "metadata": [
              {
                "annotations": {},
                "generate_name": "",
                "generation": 0,
                "labels": {},
                "name": "kasten-io",
                "resource_version": "41587",
                "uid": "bf8553cc-2bf8-4502-a553-d6c6d3d592e0"
              }
            ],
            "timeouts": null
          },
          "sensitive_attributes": [],
          "private": "eyJlMmJmYjczMC1lY2FhLTExZTYtOGY4OC0zNDM2M2JjN2M0YzAiOnsiZGVsZXRlIjozMDAwMDAwMDAwMDB9fQ==",
          "dependencies": [
            "azuread_application.app_aks_helm",
            "azuread_service_principal.spn_aks_helm",
            "azuread_service_principal_password.password_spn_aks_helm",
            "data.azuread_service_principal.aks_aad_server",
            "data.azurerm_kubernetes_cluster.aks",
            "data.azurerm_subscription.current"
          ]
        }
      ]
    },
    {
      "mode": "managed",
      "type": "kubernetes_namespace",
      "name": "keda",
      "provider": "provider[\"registry.terraform.io/hashicorp/kubernetes\"].aks-module",
      "instances": [
        {
          "schema_version": 0,
          "attributes": {
            "id": "keda",
            "metadata": [
              {
                "annotations": {},
                "generate_name": "",
                "generation": 0,
                "labels": {},
                "name": "keda",
                "resource_version": "41566",
                "uid": "d8e40dc4-b5f3-4128-a894-1bfb7d6cfae4"
              }
            ],
            "timeouts": null
          },
          "sensitive_attributes": [],
          "private": "eyJlMmJmYjczMC1lY2FhLTExZTYtOGY4OC0zNDM2M2JjN2M0YzAiOnsiZGVsZXRlIjozMDAwMDAwMDAwMDB9fQ==",
          "dependencies": [
            "azuread_application.app_aks_helm",
            "azuread_service_principal.spn_aks_helm",
            "azuread_service_principal_password.password_spn_aks_helm",
            "data.azuread_service_principal.aks_aad_server",
            "data.azurerm_kubernetes_cluster.aks",
            "data.azurerm_subscription.current"
          ]
        }
      ]
    },
    {
      "mode": "managed",
      "type": "kubernetes_namespace",
      "name": "kubecost",
      "provider": "provider[\"registry.terraform.io/hashicorp/kubernetes\"].aks-module",
      "instances": [
        {
          "schema_version": 0,
          "attributes": {
            "id": "finops",
            "metadata": [
              {
                "annotations": {},
                "generate_name": "",
                "generation": 0,
                "labels": {},
                "name": "finops",
                "resource_version": "41568",
                "uid": "309fb7eb-0d41-4d3f-979a-0449083ad6ea"
              }
            ],
            "timeouts": null
          },
          "sensitive_attributes": [],
          "private": "eyJlMmJmYjczMC1lY2FhLTExZTYtOGY4OC0zNDM2M2JjN2M0YzAiOnsiZGVsZXRlIjozMDAwMDAwMDAwMDB9fQ==",
          "dependencies": [
            "azuread_application.app_aks_helm",
            "azuread_service_principal.spn_aks_helm",
            "azuread_service_principal_password.password_spn_aks_helm",
            "data.azuread_service_principal.aks_aad_server",
            "data.azurerm_kubernetes_cluster.aks",
            "data.azurerm_subscription.current"
          ]
        }
      ]
    },
    {
      "mode": "managed",
      "type": "kubernetes_namespace",
      "name": "nginx_ingress",
      "provider": "provider[\"registry.terraform.io/hashicorp/kubernetes\"].aks-module",
      "instances": [
        {
          "schema_version": 0,
          "attributes": {
            "id": "ingress",
            "metadata": [
              {
                "annotations": {},
                "generate_name": "",
                "generation": 0,
                "labels": {},
                "name": "ingress",
                "resource_version": "41574",
                "uid": "e678eb26-f03a-4e5d-b5f0-94151ca00bda"
              }
            ],
            "timeouts": null
          },
          "sensitive_attributes": [],
          "private": "eyJlMmJmYjczMC1lY2FhLTExZTYtOGY4OC0zNDM2M2JjN2M0YzAiOnsiZGVsZXRlIjozMDAwMDAwMDAwMDB9fQ==",
          "dependencies": [
            "azuread_application.app_aks_helm",
            "azuread_service_principal.spn_aks_helm",
            "azuread_service_principal_password.password_spn_aks_helm",
            "data.azuread_service_principal.aks_aad_server",
            "data.azurerm_kubernetes_cluster.aks",
            "data.azurerm_subscription.current"
          ]
        }
      ]
    }
  ]
}
