{
  "version": 4,
  "terraform_version": "1.3.9",
  "serial": 15,
  "lineage": "712eda4c-0781-e5f4-b8cb-69ba9342407e",
  "outputs": {
    "firewall_policy_id": {
      "value": "/subscriptions/82f6d75e-85f4-434a-ab74-5dddd9fa8910/resourceGroups/rg-hub/providers/Microsoft.Network/firewallPolicies/firewall-policy",
      "type": "string"
    },
    "firewall_private_ip": {
      "value": "172.16.0.4",
      "type": "string"
    },
    "route_table_id": {
      "value": "/subscriptions/82f6d75e-85f4-434a-ab74-5dddd9fa8910/resourceGroups/rg-hub/providers/Microsoft.Network/routeTables/route-table-to-firewall",
      "type": "string"
    },
    "vnet_hub_id": {
      "value": "/subscriptions/82f6d75e-85f4-434a-ab74-5dddd9fa8910/resourceGroups/rg-hub/providers/Microsoft.Network/virtualNetworks/vnet-hub",
      "type": "string"
    }
  },
  "resources": [
    {
      "mode": "data",
      "type": "azurerm_dns_zone",
      "name": "dns_zone",
      "provider": "provider[\"registry.terraform.io/hashicorp/azurerm\"].subscription_hub",
      "instances": [
        {
          "schema_version": 0,
          "attributes": {
            "id": "/subscriptions/82f6d75e-85f4-434a-ab74-5dddd9fa8910/resourceGroups/rg-dns-zone-houssem-cloud/providers/Microsoft.Network/dnsZones/houssem.cloud",
            "max_number_of_record_sets": 10000,
            "name": "houssem.cloud",
            "name_servers": [
              "ns1-33.azure-dns.com.",
              "ns2-33.azure-dns.net.",
              "ns3-33.azure-dns.org.",
              "ns4-33.azure-dns.info."
            ],
            "number_of_record_sets": 4,
            "resource_group_name": "rg-dns-zone-houssem-cloud",
            "tags": {},
            "timeouts": null
          },
          "sensitive_attributes": []
        }
      ]
    },
    {
      "mode": "data",
      "type": "terraform_remote_state",
      "name": "management",
      "provider": "provider[\"terraform.io/builtin/terraform\"]",
      "instances": [
        {
          "index_key": 0,
          "schema_version": 0,
          "attributes": {
            "backend": "local",
            "config": {
              "value": {
                "path": "../01_management/terraform.tfstate"
              },
              "type": [
                "object",
                {
                  "path": "string"
                }
              ]
            },
            "defaults": null,
            "outputs": {
              "value": {
                "log_analytics_workspace_id": "/subscriptions/82f6d75e-85f4-434a-ab74-5dddd9fa8910/resourceGroups/rg-management/providers/Microsoft.OperationalInsights/workspaces/loganalyticsforaks011"
              },
              "type": [
                "object",
                {
                  "log_analytics_workspace_id": "string"
                }
              ]
            },
            "workspace": null
          },
          "sensitive_attributes": []
        }
      ]
    },
    {
      "mode": "managed",
      "type": "azurerm_bastion_host",
      "name": "bastion_host",
      "provider": "provider[\"registry.terraform.io/hashicorp/azurerm\"].subscription_hub",
      "instances": [
        {
          "schema_version": 0,
          "attributes": {
            "copy_paste_enabled": true,
            "dns_name": "bst-111205ab-6c10-4830-b28d-25ec7d729f4c.bastion.azure.com",
            "file_copy_enabled": true,
            "id": "/subscriptions/82f6d75e-85f4-434a-ab74-5dddd9fa8910/resourceGroups/rg-hub/providers/Microsoft.Network/bastionHosts/bastion-host",
            "ip_configuration": [
              {
                "name": "configuration",
                "public_ip_address_id": "/subscriptions/82f6d75e-85f4-434a-ab74-5dddd9fa8910/resourceGroups/rg-hub/providers/Microsoft.Network/publicIPAddresses/public-ip-bastion",
                "subnet_id": "/subscriptions/82f6d75e-85f4-434a-ab74-5dddd9fa8910/resourceGroups/rg-hub/providers/Microsoft.Network/virtualNetworks/vnet-hub/subnets/AzureBastionSubnet"
              }
            ],
            "ip_connect_enabled": false,
            "location": "westeurope",
            "name": "bastion-host",
            "resource_group_name": "rg-hub",
            "scale_units": 2,
            "shareable_link_enabled": true,
            "sku": "Standard",
            "tags": {
              "architecture": "Hub\u0026Spoke",
              "environment": "development",
              "source": "terraform"
            },
            "timeouts": null,
            "tunneling_enabled": true
          },
          "sensitive_attributes": [],
          "private": "eyJlMmJmYjczMC1lY2FhLTExZTYtOGY4OC0zNDM2M2JjN2M0YzAiOnsiY3JlYXRlIjoxODAwMDAwMDAwMDAwLCJkZWxldGUiOjE4MDAwMDAwMDAwMDAsInJlYWQiOjMwMDAwMDAwMDAwMCwidXBkYXRlIjoxODAwMDAwMDAwMDAwfX0=",
          "dependencies": [
            "azurerm_public_ip.public_ip_bastion",
            "azurerm_resource_group.rg_hub",
            "azurerm_subnet.subnet_bastion",
            "azurerm_virtual_network.vnet_hub"
          ]
        }
      ]
    },
    {
      "mode": "managed",
      "type": "azurerm_dns_a_record",
      "name": "example",
      "provider": "provider[\"registry.terraform.io/hashicorp/azurerm\"].subscription_hub",
      "instances": [
        {
          "schema_version": 1,
          "attributes": {
            "fqdn": "test.apps.houssem.cloud.",
            "id": "/subscriptions/82f6d75e-85f4-434a-ab74-5dddd9fa8910/resourceGroups/rg-dns-zone-houssem-cloud/providers/Microsoft.Network/dnsZones/apps.houssem.cloud/A/test",
            "name": "test",
            "records": [
              "10.0.180.17"
            ],
            "resource_group_name": "rg-dns-zone-houssem-cloud",
            "tags": null,
            "target_resource_id": "",
            "timeouts": null,
            "ttl": 300,
            "zone_name": "apps.houssem.cloud"
          },
          "sensitive_attributes": [],
          "private": "eyJlMmJmYjczMC1lY2FhLTExZTYtOGY4OC0zNDM2M2JjN2M0YzAiOnsiY3JlYXRlIjoxODAwMDAwMDAwMDAwLCJkZWxldGUiOjE4MDAwMDAwMDAwMDAsInJlYWQiOjMwMDAwMDAwMDAwMCwidXBkYXRlIjoxODAwMDAwMDAwMDAwfSwic2NoZW1hX3ZlcnNpb24iOiIxIn0=",
          "dependencies": [
            "azurerm_dns_zone.dns_zone_apps",
            "data.azurerm_dns_zone.dns_zone"
          ]
        }
      ]
    },
    {
      "mode": "managed",
      "type": "azurerm_dns_zone",
      "name": "dns_zone_apps",
      "provider": "provider[\"registry.terraform.io/hashicorp/azurerm\"].subscription_hub",
      "instances": [
        {
          "schema_version": 2,
          "attributes": {
            "id": "/subscriptions/82f6d75e-85f4-434a-ab74-5dddd9fa8910/resourceGroups/rg-dns-zone-houssem-cloud/providers/Microsoft.Network/dnsZones/apps.houssem.cloud",
            "max_number_of_record_sets": 10000,
            "name": "apps.houssem.cloud",
            "name_servers": [
              "ns1-37.azure-dns.com.",
              "ns2-37.azure-dns.net.",
              "ns3-37.azure-dns.org.",
              "ns4-37.azure-dns.info."
            ],
            "number_of_record_sets": 2,
            "resource_group_name": "rg-dns-zone-houssem-cloud",
            "soa_record": [
              {
                "email": "azuredns-hostmaster.microsoft.com",
                "expire_time": 2419200,
                "fqdn": "apps.houssem.cloud.",
                "host_name": "ns1-37.azure-dns.com.",
                "minimum_ttl": 300,
                "refresh_time": 3600,
                "retry_time": 300,
                "serial_number": 1,
                "tags": {},
                "ttl": 3600
              }
            ],
            "tags": null,
            "timeouts": null
          },
          "sensitive_attributes": [],
          "private": "eyJlMmJmYjczMC1lY2FhLTExZTYtOGY4OC0zNDM2M2JjN2M0YzAiOnsiY3JlYXRlIjoxODAwMDAwMDAwMDAwLCJkZWxldGUiOjE4MDAwMDAwMDAwMDAsInJlYWQiOjMwMDAwMDAwMDAwMCwidXBkYXRlIjoxODAwMDAwMDAwMDAwfSwic2NoZW1hX3ZlcnNpb24iOiIyIn0=",
          "dependencies": [
            "data.azurerm_dns_zone.dns_zone"
          ]
        }
      ]
    },
    {
      "mode": "managed",
      "type": "azurerm_firewall",
      "name": "firewall",
      "provider": "provider[\"registry.terraform.io/hashicorp/azurerm\"].subscription_hub",
      "instances": [
        {
          "schema_version": 0,
          "attributes": {
            "dns_servers": null,
            "firewall_policy_id": "/subscriptions/82f6d75e-85f4-434a-ab74-5dddd9fa8910/resourceGroups/rg-hub/providers/Microsoft.Network/firewallPolicies/firewall-policy",
            "id": "/subscriptions/82f6d75e-85f4-434a-ab74-5dddd9fa8910/resourceGroups/rg-hub/providers/Microsoft.Network/azureFirewalls/firewall-hub",
            "ip_configuration": [
              {
                "name": "configuration",
                "private_ip_address": "172.16.0.4",
                "public_ip_address_id": "/subscriptions/82f6d75e-85f4-434a-ab74-5dddd9fa8910/resourceGroups/rg-hub/providers/Microsoft.Network/publicIPAddresses/public-ip-firewall",
                "subnet_id": "/subscriptions/82f6d75e-85f4-434a-ab74-5dddd9fa8910/resourceGroups/rg-hub/providers/Microsoft.Network/virtualNetworks/vnet-hub/subnets/AzureFirewallSubnet"
              }
            ],
            "location": "westeurope",
            "management_ip_configuration": [],
            "name": "firewall-hub",
            "private_ip_ranges": null,
            "resource_group_name": "rg-hub",
            "sku_name": "AZFW_VNet",
            "sku_tier": "Standard",
            "tags": {
              "architecture": "Hub\u0026Spoke",
              "environment": "development",
              "source": "terraform"
            },
            "threat_intel_mode": "Alert",
            "timeouts": null,
            "virtual_hub": [],
            "zones": [
              "1"
            ]
          },
          "sensitive_attributes": [],
          "private": "eyJlMmJmYjczMC1lY2FhLTExZTYtOGY4OC0zNDM2M2JjN2M0YzAiOnsiY3JlYXRlIjo1NDAwMDAwMDAwMDAwLCJkZWxldGUiOjU0MDAwMDAwMDAwMDAsInJlYWQiOjMwMDAwMDAwMDAwMCwidXBkYXRlIjo1NDAwMDAwMDAwMDAwfX0=",
          "dependencies": [
            "azurerm_firewall_policy.firewall_policy",
            "azurerm_public_ip.public_ip_firewall",
            "azurerm_resource_group.rg_hub",
            "azurerm_subnet.subnet_firewall",
            "azurerm_virtual_network.vnet_hub",
            "data.terraform_remote_state.management"
          ]
        }
      ]
    },
    {
      "mode": "managed",
      "type": "azurerm_firewall_policy",
      "name": "firewall_policy",
      "provider": "provider[\"registry.terraform.io/hashicorp/azurerm\"].subscription_hub",
      "instances": [
        {
          "schema_version": 0,
          "attributes": {
            "auto_learn_private_ranges_enabled": false,
            "base_policy_id": "",
            "child_policies": [],
            "dns": [
              {
                "proxy_enabled": true,
                "servers": [
                  "168.63.129.16"
                ]
              }
            ],
            "explicit_proxy": [],
            "firewalls": [],
            "id": "/subscriptions/82f6d75e-85f4-434a-ab74-5dddd9fa8910/resourceGroups/rg-hub/providers/Microsoft.Network/firewallPolicies/firewall-policy",
            "identity": [],
            "insights": [
              {
                "default_log_analytics_workspace_id": "/subscriptions/82f6d75e-85f4-434a-ab74-5dddd9fa8910/resourceGroups/rg-management/providers/Microsoft.OperationalInsights/workspaces/loganalyticsforaks011",
                "enabled": true,
                "log_analytics_workspace": [],
                "retention_in_days": 7
              }
            ],
            "intrusion_detection": [],
            "location": "westeurope",
            "name": "firewall-policy",
            "private_ip_ranges": null,
            "resource_group_name": "rg-hub",
            "rule_collection_groups": [],
            "sku": "Standard",
            "sql_redirect_allowed": null,
            "tags": null,
            "threat_intelligence_allowlist": [],
            "threat_intelligence_mode": "Alert",
            "timeouts": null,
            "tls_certificate": []
          },
          "sensitive_attributes": [],
          "private": "eyJlMmJmYjczMC1lY2FhLTExZTYtOGY4OC0zNDM2M2JjN2M0YzAiOnsiY3JlYXRlIjoxODAwMDAwMDAwMDAwLCJkZWxldGUiOjE4MDAwMDAwMDAwMDAsInJlYWQiOjMwMDAwMDAwMDAwMCwidXBkYXRlIjoxODAwMDAwMDAwMDAwfX0=",
          "dependencies": [
            "azurerm_resource_group.rg_hub",
            "data.terraform_remote_state.management"
          ]
        }
      ]
    },
    {
      "mode": "managed",
      "type": "azurerm_firewall_policy_rule_collection_group",
      "name": "policy_group_deny",
      "provider": "provider[\"registry.terraform.io/hashicorp/azurerm\"].subscription_hub",
      "instances": [
        {
          "index_key": 0,
          "schema_version": 0,
          "attributes": {
            "application_rule_collection": [
              {
                "action": "Deny",
                "name": "app_rules_deny_yahoo_com_any_source",
                "priority": 100,
                "rule": [
                  {
                    "description": "",
                    "destination_addresses": null,
                    "destination_fqdn_tags": null,
                    "destination_fqdns": [
                      "*.yahoo.com"
                    ],
                    "destination_urls": null,
                    "name": "deny_yahoo_com",
                    "protocols": [
                      {
                        "port": 80,
                        "type": "Http"
                      },
                      {
                        "port": 443,
                        "type": "Https"
                      }
                    ],
                    "source_addresses": [
                      "*"
                    ],
                    "source_ip_groups": null,
                    "terminate_tls": false,
                    "web_categories": null
                  }
                ]
              }
            ],
            "firewall_policy_id": "/subscriptions/82f6d75e-85f4-434a-ab74-5dddd9fa8910/resourceGroups/rg-hub/providers/Microsoft.Network/firewallPolicies/firewall-policy",
            "id": "/subscriptions/82f6d75e-85f4-434a-ab74-5dddd9fa8910/resourceGroups/rg-hub/providers/Microsoft.Network/firewallPolicies/firewall-policy/ruleCollectionGroups/policy_group_deny",
            "name": "policy_group_deny",
            "nat_rule_collection": [],
            "network_rule_collection": [],
            "priority": 100,
            "timeouts": null
          },
          "sensitive_attributes": [],
          "private": "eyJlMmJmYjczMC1lY2FhLTExZTYtOGY4OC0zNDM2M2JjN2M0YzAiOnsiY3JlYXRlIjoxODAwMDAwMDAwMDAwLCJkZWxldGUiOjE4MDAwMDAwMDAwMDAsInJlYWQiOjMwMDAwMDAwMDAwMCwidXBkYXRlIjoxODAwMDAwMDAwMDAwfX0=",
          "dependencies": [
            "azurerm_firewall_policy.firewall_policy",
            "azurerm_resource_group.rg_hub",
            "data.terraform_remote_state.management"
          ]
        }
      ]
    },
    {
      "mode": "managed",
      "type": "azurerm_public_ip",
      "name": "public_ip_bastion",
      "provider": "provider[\"registry.terraform.io/hashicorp/azurerm\"].subscription_hub",
      "instances": [
        {
          "schema_version": 0,
          "attributes": {
            "allocation_method": "Static",
            "ddos_protection_mode": "VirtualNetworkInherited",
            "ddos_protection_plan_id": null,
            "domain_name_label": null,
            "edge_zone": "",
            "fqdn": null,
            "id": "/subscriptions/82f6d75e-85f4-434a-ab74-5dddd9fa8910/resourceGroups/rg-hub/providers/Microsoft.Network/publicIPAddresses/public-ip-bastion",
            "idle_timeout_in_minutes": 4,
            "ip_address": "20.107.21.179",
            "ip_tags": null,
            "ip_version": "IPv4",
            "location": "westeurope",
            "name": "public-ip-bastion",
            "public_ip_prefix_id": null,
            "resource_group_name": "rg-hub",
            "reverse_fqdn": null,
            "sku": "Standard",
            "sku_tier": "Regional",
            "tags": {
              "architecture": "Hub\u0026Spoke",
              "environment": "development",
              "source": "terraform"
            },
            "timeouts": null,
            "zones": null
          },
          "sensitive_attributes": [],
          "private": "eyJlMmJmYjczMC1lY2FhLTExZTYtOGY4OC0zNDM2M2JjN2M0YzAiOnsiY3JlYXRlIjoxODAwMDAwMDAwMDAwLCJkZWxldGUiOjE4MDAwMDAwMDAwMDAsInJlYWQiOjMwMDAwMDAwMDAwMCwidXBkYXRlIjoxODAwMDAwMDAwMDAwfX0=",
          "dependencies": [
            "azurerm_resource_group.rg_hub"
          ]
        }
      ]
    },
    {
      "mode": "managed",
      "type": "azurerm_public_ip",
      "name": "public_ip_firewall",
      "provider": "provider[\"registry.terraform.io/hashicorp/azurerm\"].subscription_hub",
      "instances": [
        {
          "schema_version": 0,
          "attributes": {
            "allocation_method": "Static",
            "ddos_protection_mode": "VirtualNetworkInherited",
            "ddos_protection_plan_id": null,
            "domain_name_label": null,
            "edge_zone": "",
            "fqdn": null,
            "id": "/subscriptions/82f6d75e-85f4-434a-ab74-5dddd9fa8910/resourceGroups/rg-hub/providers/Microsoft.Network/publicIPAddresses/public-ip-firewall",
            "idle_timeout_in_minutes": 4,
            "ip_address": "20.229.170.42",
            "ip_tags": null,
            "ip_version": "IPv4",
            "location": "westeurope",
            "name": "public-ip-firewall",
            "public_ip_prefix_id": null,
            "resource_group_name": "rg-hub",
            "reverse_fqdn": null,
            "sku": "Standard",
            "sku_tier": "Regional",
            "tags": {
              "architecture": "Hub\u0026Spoke",
              "environment": "development",
              "source": "terraform"
            },
            "timeouts": null,
            "zones": [
              "1"
            ]
          },
          "sensitive_attributes": [],
          "private": "eyJlMmJmYjczMC1lY2FhLTExZTYtOGY4OC0zNDM2M2JjN2M0YzAiOnsiY3JlYXRlIjoxODAwMDAwMDAwMDAwLCJkZWxldGUiOjE4MDAwMDAwMDAwMDAsInJlYWQiOjMwMDAwMDAwMDAwMCwidXBkYXRlIjoxODAwMDAwMDAwMDAwfX0=",
          "dependencies": [
            "azurerm_resource_group.rg_hub"
          ]
        }
      ]
    },
    {
      "mode": "managed",
      "type": "azurerm_resource_group",
      "name": "rg_hub",
      "provider": "provider[\"registry.terraform.io/hashicorp/azurerm\"].subscription_hub",
      "instances": [
        {
          "schema_version": 0,
          "attributes": {
            "id": "/subscriptions/82f6d75e-85f4-434a-ab74-5dddd9fa8910/resourceGroups/rg-hub",
            "location": "westeurope",
            "name": "rg-hub",
            "tags": {
              "architecture": "Hub\u0026Spoke",
              "environment": "development",
              "source": "terraform"
            },
            "timeouts": null
          },
          "sensitive_attributes": [],
          "private": "eyJlMmJmYjczMC1lY2FhLTExZTYtOGY4OC0zNDM2M2JjN2M0YzAiOnsiY3JlYXRlIjo1NDAwMDAwMDAwMDAwLCJkZWxldGUiOjU0MDAwMDAwMDAwMDAsInJlYWQiOjMwMDAwMDAwMDAwMCwidXBkYXRlIjo1NDAwMDAwMDAwMDAwfX0="
        }
      ]
    },
    {
      "mode": "managed",
      "type": "azurerm_route",
      "name": "route_to_firewall",
      "provider": "provider[\"registry.terraform.io/hashicorp/azurerm\"].subscription_hub",
      "instances": [
        {
          "schema_version": 0,
          "attributes": {
            "address_prefix": "0.0.0.0/0",
            "id": "/subscriptions/82f6d75e-85f4-434a-ab74-5dddd9fa8910/resourceGroups/rg-hub/providers/Microsoft.Network/routeTables/route-table-to-firewall/routes/route-to-firewall",
            "name": "route-to-firewall",
            "next_hop_in_ip_address": "172.16.0.4",
            "next_hop_type": "VirtualAppliance",
            "resource_group_name": "rg-hub",
            "route_table_name": "route-table-to-firewall",
            "timeouts": null
          },
          "sensitive_attributes": [],
          "private": "eyJlMmJmYjczMC1lY2FhLTExZTYtOGY4OC0zNDM2M2JjN2M0YzAiOnsiY3JlYXRlIjoxODAwMDAwMDAwMDAwLCJkZWxldGUiOjE4MDAwMDAwMDAwMDAsInJlYWQiOjMwMDAwMDAwMDAwMCwidXBkYXRlIjoxODAwMDAwMDAwMDAwfX0=",
          "dependencies": [
            "azurerm_firewall.firewall",
            "azurerm_firewall_policy.firewall_policy",
            "azurerm_public_ip.public_ip_firewall",
            "azurerm_resource_group.rg_hub",
            "azurerm_route_table.route_table_to_firewall",
            "azurerm_subnet.subnet_firewall",
            "azurerm_virtual_network.vnet_hub",
            "data.terraform_remote_state.management"
          ]
        }
      ]
    },
    {
      "mode": "managed",
      "type": "azurerm_route_table",
      "name": "route_table_to_firewall",
      "provider": "provider[\"registry.terraform.io/hashicorp/azurerm\"].subscription_hub",
      "instances": [
        {
          "schema_version": 0,
          "attributes": {
            "disable_bgp_route_propagation": true,
            "id": "/subscriptions/82f6d75e-85f4-434a-ab74-5dddd9fa8910/resourceGroups/rg-hub/providers/Microsoft.Network/routeTables/route-table-to-firewall",
            "location": "westeurope",
            "name": "route-table-to-firewall",
            "resource_group_name": "rg-hub",
            "route": [],
            "subnets": [],
            "tags": {
              "architecture": "Hub\u0026Spoke",
              "environment": "development",
              "source": "terraform"
            },
            "timeouts": null
          },
          "sensitive_attributes": [],
          "private": "eyJlMmJmYjczMC1lY2FhLTExZTYtOGY4OC0zNDM2M2JjN2M0YzAiOnsiY3JlYXRlIjoxODAwMDAwMDAwMDAwLCJkZWxldGUiOjE4MDAwMDAwMDAwMDAsInJlYWQiOjMwMDAwMDAwMDAwMCwidXBkYXRlIjoxODAwMDAwMDAwMDAwfX0=",
          "dependencies": [
            "azurerm_resource_group.rg_hub"
          ]
        }
      ]
    },
    {
      "mode": "managed",
      "type": "azurerm_subnet",
      "name": "subnet_bastion",
      "provider": "provider[\"registry.terraform.io/hashicorp/azurerm\"].subscription_hub",
      "instances": [
        {
          "schema_version": 0,
          "attributes": {
            "address_prefixes": [
              "172.16.1.0/27"
            ],
            "delegation": [],
            "enforce_private_link_endpoint_network_policies": false,
            "enforce_private_link_service_network_policies": false,
            "id": "/subscriptions/82f6d75e-85f4-434a-ab74-5dddd9fa8910/resourceGroups/rg-hub/providers/Microsoft.Network/virtualNetworks/vnet-hub/subnets/AzureBastionSubnet",
            "name": "AzureBastionSubnet",
            "private_endpoint_network_policies_enabled": true,
            "private_link_service_network_policies_enabled": true,
            "resource_group_name": "rg-hub",
            "service_endpoint_policy_ids": null,
            "service_endpoints": null,
            "timeouts": null,
            "virtual_network_name": "vnet-hub"
          },
          "sensitive_attributes": [],
          "private": "eyJlMmJmYjczMC1lY2FhLTExZTYtOGY4OC0zNDM2M2JjN2M0YzAiOnsiY3JlYXRlIjoxODAwMDAwMDAwMDAwLCJkZWxldGUiOjE4MDAwMDAwMDAwMDAsInJlYWQiOjMwMDAwMDAwMDAwMCwidXBkYXRlIjoxODAwMDAwMDAwMDAwfX0=",
          "dependencies": [
            "azurerm_resource_group.rg_hub",
            "azurerm_virtual_network.vnet_hub"
          ]
        }
      ]
    },
    {
      "mode": "managed",
      "type": "azurerm_subnet",
      "name": "subnet_firewall",
      "provider": "provider[\"registry.terraform.io/hashicorp/azurerm\"].subscription_hub",
      "instances": [
        {
          "schema_version": 0,
          "attributes": {
            "address_prefixes": [
              "172.16.0.0/26"
            ],
            "delegation": [],
            "enforce_private_link_endpoint_network_policies": true,
            "enforce_private_link_service_network_policies": false,
            "id": "/subscriptions/82f6d75e-85f4-434a-ab74-5dddd9fa8910/resourceGroups/rg-hub/providers/Microsoft.Network/virtualNetworks/vnet-hub/subnets/AzureFirewallSubnet",
            "name": "AzureFirewallSubnet",
            "private_endpoint_network_policies_enabled": false,
            "private_link_service_network_policies_enabled": true,
            "resource_group_name": "rg-hub",
            "service_endpoint_policy_ids": null,
            "service_endpoints": null,
            "timeouts": null,
            "virtual_network_name": "vnet-hub"
          },
          "sensitive_attributes": [],
          "private": "eyJlMmJmYjczMC1lY2FhLTExZTYtOGY4OC0zNDM2M2JjN2M0YzAiOnsiY3JlYXRlIjoxODAwMDAwMDAwMDAwLCJkZWxldGUiOjE4MDAwMDAwMDAwMDAsInJlYWQiOjMwMDAwMDAwMDAwMCwidXBkYXRlIjoxODAwMDAwMDAwMDAwfX0=",
          "dependencies": [
            "azurerm_resource_group.rg_hub",
            "azurerm_virtual_network.vnet_hub"
          ]
        }
      ]
    },
    {
      "mode": "managed",
      "type": "azurerm_virtual_network",
      "name": "vnet_hub",
      "provider": "provider[\"registry.terraform.io/hashicorp/azurerm\"].subscription_hub",
      "instances": [
        {
          "schema_version": 0,
          "attributes": {
            "address_space": [
              "172.16.0.0/16"
            ],
            "bgp_community": "",
            "ddos_protection_plan": [],
            "dns_servers": [],
            "edge_zone": "",
            "flow_timeout_in_minutes": 0,
            "guid": "4b70d877-a894-41c2-b122-1223a4c889b8",
            "id": "/subscriptions/82f6d75e-85f4-434a-ab74-5dddd9fa8910/resourceGroups/rg-hub/providers/Microsoft.Network/virtualNetworks/vnet-hub",
            "location": "westeurope",
            "name": "vnet-hub",
            "resource_group_name": "rg-hub",
            "subnet": [],
            "tags": {
              "architecture": "Hub\u0026Spoke",
              "environment": "development",
              "source": "terraform"
            },
            "timeouts": null
          },
          "sensitive_attributes": [],
          "private": "eyJlMmJmYjczMC1lY2FhLTExZTYtOGY4OC0zNDM2M2JjN2M0YzAiOnsiY3JlYXRlIjoxODAwMDAwMDAwMDAwLCJkZWxldGUiOjE4MDAwMDAwMDAwMDAsInJlYWQiOjMwMDAwMDAwMDAwMCwidXBkYXRlIjoxODAwMDAwMDAwMDAwfX0=",
          "dependencies": [
            "azurerm_resource_group.rg_hub"
          ]
        }
      ]
    }
  ],
  "check_results": null
}
