{
  "version": 4,
  "terraform_version": "1.4.4",
  "serial": 39,
  "lineage": "b9225289-6c7c-7aef-7b76-4fb623889426",
  "outputs": {},
  "resources": [
    {
      "mode": "data",
      "type": "azurerm_dns_zone",
      "name": "dns_zone_parent",
      "provider": "provider[\"registry.terraform.io/hashicorp/azurerm\"].subscription_hub",
      "instances": [
        {
          "schema_version": 0,
          "attributes": {
            "id": "/subscriptions/82f6d75e-85f4-434a-ab74-5dddd9fa8910/resourceGroups/rg-dns/providers/Microsoft.Network/dnsZones/houssemd.com",
            "max_number_of_record_sets": 10000,
            "name": "houssemd.com",
            "name_servers": [
              "ns1-37.azure-dns.com.",
              "ns2-37.azure-dns.net.",
              "ns3-37.azure-dns.org.",
              "ns4-37.azure-dns.info."
            ],
            "number_of_record_sets": 7,
            "resource_group_name": "rg-dns",
            "tags": {},
            "timeouts": null
          },
          "sensitive_attributes": []
        }
      ]
    },
    {
      "mode": "managed",
      "type": "azurerm_bastion_host",
      "name": "bastion_host",
      "provider": "provider[\"registry.terraform.io/hashicorp/azurerm\"].subscription_hub",
      "instances": []
    },
    {
      "mode": "managed",
      "type": "azurerm_dns_ns_record",
      "name": "dns_ns_record",
      "provider": "provider[\"registry.terraform.io/hashicorp/azurerm\"].subscription_hub",
      "instances": [
        {
          "schema_version": 1,
          "attributes": {
            "fqdn": "aks-apps.houssemd.com.",
            "id": "/subscriptions/82f6d75e-85f4-434a-ab74-5dddd9fa8910/resourceGroups/rg-dns/providers/Microsoft.Network/dnsZones/houssemd.com/NS/aks-apps",
            "name": "aks-apps",
            "records": [
              "ns1-38.azure-dns.com.",
              "ns2-38.azure-dns.net.",
              "ns3-38.azure-dns.org.",
              "ns4-38.azure-dns.info."
            ],
            "resource_group_name": "rg-dns",
            "tags": {},
            "timeouts": {
              "create": null,
              "delete": null,
              "read": null,
              "update": null
            },
            "ttl": 60,
            "zone_name": "houssemd.com"
          },
          "sensitive_attributes": [],
          "private": "eyJlMmJmYjczMC1lY2FhLTExZTYtOGY4OC0zNDM2M2JjN2M0YzAiOnsiY3JlYXRlIjoxODAwMDAwMDAwMDAwLCJkZWxldGUiOjE4MDAwMDAwMDAwMDAsInJlYWQiOjMwMDAwMDAwMDAwMCwidXBkYXRlIjoxODAwMDAwMDAwMDAwfSwic2NoZW1hX3ZlcnNpb24iOiIxIn0=",
          "dependencies": [
            "azurerm_dns_zone.dns_zone_apps",
            "azurerm_resource_group.rg_hub",
            "data.azurerm_dns_zone.dns_zone_parent"
          ]
        }
      ]
    },
    {
      "mode": "managed",
      "type": "azurerm_dns_zone",
      "name": "dns_zone_apps",
      "provider": "provider[\"registry.terraform.io/hashicorp/azurerm\"].subscription_hub",
      "instances": [
        {
          "schema_version": 2,
          "attributes": {
            "id": "/subscriptions/82f6d75e-85f4-434a-ab74-5dddd9fa8910/resourceGroups/rg-hub/providers/Microsoft.Network/dnsZones/aks-apps.houssemd.com",
            "max_number_of_record_sets": 10000,
            "name": "aks-apps.houssemd.com",
            "name_servers": [
              "ns1-38.azure-dns.com.",
              "ns2-38.azure-dns.net.",
              "ns3-38.azure-dns.org.",
              "ns4-38.azure-dns.info."
            ],
            "number_of_record_sets": 2,
            "resource_group_name": "rg-hub",
            "soa_record": [
              {
                "email": "azuredns-hostmaster.microsoft.com",
                "expire_time": 2419200,
                "fqdn": "aks-apps.houssemd.com.",
                "host_name": "ns1-38.azure-dns.com.",
                "minimum_ttl": 300,
                "refresh_time": 3600,
                "retry_time": 300,
                "serial_number": 1,
                "tags": {},
                "ttl": 3600
              }
            ],
            "tags": {},
            "timeouts": null
          },
          "sensitive_attributes": [],
          "private": "eyJlMmJmYjczMC1lY2FhLTExZTYtOGY4OC0zNDM2M2JjN2M0YzAiOnsiY3JlYXRlIjoxODAwMDAwMDAwMDAwLCJkZWxldGUiOjE4MDAwMDAwMDAwMDAsInJlYWQiOjMwMDAwMDAwMDAwMCwidXBkYXRlIjoxODAwMDAwMDAwMDAwfSwic2NoZW1hX3ZlcnNpb24iOiIyIn0=",
          "dependencies": [
            "azurerm_resource_group.rg_hub",
            "data.azurerm_dns_zone.dns_zone_parent"
          ]
        }
      ]
    },
    {
      "mode": "managed",
      "type": "azurerm_public_ip",
      "name": "public_ip_bastion",
      "provider": "provider[\"registry.terraform.io/hashicorp/azurerm\"].subscription_hub",
      "instances": []
    },
    {
      "mode": "managed",
      "type": "azurerm_resource_group",
      "name": "rg_hub",
      "provider": "provider[\"registry.terraform.io/hashicorp/azurerm\"].subscription_hub",
      "instances": [
        {
          "schema_version": 0,
          "attributes": {
            "id": "/subscriptions/82f6d75e-85f4-434a-ab74-5dddd9fa8910/resourceGroups/rg-hub",
            "location": "westeurope",
            "name": "rg-hub",
            "tags": {
              "architecture": "Hub\u0026Spoke",
              "environment": "development",
              "source": "terraform"
            },
            "timeouts": null
          },
          "sensitive_attributes": [],
          "private": "eyJlMmJmYjczMC1lY2FhLTExZTYtOGY4OC0zNDM2M2JjN2M0YzAiOnsiY3JlYXRlIjo1NDAwMDAwMDAwMDAwLCJkZWxldGUiOjU0MDAwMDAwMDAwMDAsInJlYWQiOjMwMDAwMDAwMDAwMCwidXBkYXRlIjo1NDAwMDAwMDAwMDAwfX0="
        }
      ]
    },
    {
      "mode": "managed",
      "type": "azurerm_subnet",
      "name": "subnet_bastion",
      "provider": "provider[\"registry.terraform.io/hashicorp/azurerm\"].subscription_hub",
      "instances": []
    }
  ],
  "check_results": null
}
