{
  "version": 4,
  "terraform_version": "1.10.4",
  "serial": 104,
  "lineage": "e0c5b1f5-e420-5796-991e-2a1793ac380f",
  "outputs": {},
  "resources": [
    {
      "mode": "data",
      "type": "azurerm_client_config",
      "name": "current",
      "provider": "provider[\"registry.terraform.io/hashicorp/azurerm\"]",
      "instances": [
        {
          "schema_version": 0,
          "attributes": {
            "client_id": "04b07795-8ddb-461a-bbee-02f9e1bf7b46",
            "id": "Y2xpZW50Q29uZmlncy9jbGllbnRJZD0wNGIwNzc5NS04ZGRiLTQ2MWEtYmJlZS0wMmY5ZTFiZjdiNDY7b2JqZWN0SWQ9ODE3M2M0NWQtMDM1ZS00NjkyLThmNDAtNTQwY2Q1ZmMwZjE4O3N1YnNjcmlwdGlvbklkPWRjZWY3MDA5LTZiOTQtNDM4Mi1hZmRjLTE3ZWIxNjBkNzA5YTt0ZW5hbnRJZD05MzEzOWQxZS1hM2MxLTRkNzgtOWVkNS04NzhiZTA5MGViYTQ=",
            "object_id": "8173c45d-035e-4692-8f40-540cd5fc0f18",
            "subscription_id": "dcef7009-6b94-4382-afdc-17eb160d709a",
            "tenant_id": "93139d1e-a3c1-4d78-9ed5-878be090eba4",
            "timeouts": null
          },
          "sensitive_attributes": []
        }
      ]
    },
    {
      "mode": "data",
      "type": "terraform_remote_state",
      "name": "hub",
      "provider": "provider[\"terraform.io/builtin/terraform\"]",
      "instances": [
        {
          "schema_version": 0,
          "attributes": {
            "backend": "local",
            "config": {
              "value": {
                "path": "../02_hub/terraform.tfstate"
              },
              "type": [
                "object",
                {
                  "path": "string"
                }
              ]
            },
            "defaults": null,
            "outputs": {
              "value": {
                "dns_zone_aks": {
                  "id": "/subscriptions/dcef7009-6b94-4382-afdc-17eb160d709a/resourceGroups/rg-lzaks-hub/providers/Microsoft.Network/privateDnsZones/privatelink.swedencentral.azmk8s.io"
                },
                "dns_zone_apps": {
                  "name": "apps.houssem17.com",
                  "resource_group_name": "rg-lzaks-hub"
                },
                "firewall": {
                  "enabled": true,
                  "policy_id": "/subscriptions/dcef7009-6b94-4382-afdc-17eb160d709a/resourceGroups/rg-lzaks-hub/providers/Microsoft.Network/firewallPolicies/firewall-policy",
                  "private_ip": "172.16.0.4"
                },
                "vnet_hub": {
                  "id": "/subscriptions/dcef7009-6b94-4382-afdc-17eb160d709a/resourceGroups/rg-lzaks-hub/providers/Microsoft.Network/virtualNetworks/vnet-hub"
                }
              },
              "type": [
                "object",
                {
                  "dns_zone_aks": [
                    "object",
                    {
                      "id": "string"
                    }
                  ],
                  "dns_zone_apps": [
                    "object",
                    {
                      "name": "string",
                      "resource_group_name": "string"
                    }
                  ],
                  "firewall": [
                    "object",
                    {
                      "enabled": "bool",
                      "policy_id": "string",
                      "private_ip": "string"
                    }
                  ],
                  "vnet_hub": [
                    "object",
                    {
                      "id": "string"
                    }
                  ]
                }
              ]
            },
            "workspace": null
          },
          "sensitive_attributes": []
        }
      ]
    },
    {
      "mode": "data",
      "type": "terraform_remote_state",
      "name": "management",
      "provider": "provider[\"terraform.io/builtin/terraform\"]",
      "instances": [
        {
          "schema_version": 0,
          "attributes": {
            "backend": "local",
            "config": {
              "value": {
                "path": "../01_management/terraform.tfstate"
              },
              "type": [
                "object",
                {
                  "path": "string"
                }
              ]
            },
            "defaults": null,
            "outputs": {
              "value": {
                "log_analytics_workspace": {
                  "id": "/subscriptions/dcef7009-6b94-4382-afdc-17eb160d709a/resourceGroups/rg-lzaks-management/providers/Microsoft.OperationalInsights/workspaces/loganalyticsforaks011",
                  "location": "swedencentral",
                  "workspace_id": "536cdf18-5dc0-44a9-872a-988147b34ec1"
                }
              },
              "type": [
                "object",
                {
                  "log_analytics_workspace": [
                    "object",
                    {
                      "id": "string",
                      "location": "string",
                      "workspace_id": "string"
                    }
                  ]
                }
              ]
            },
            "workspace": null
          },
          "sensitive_attributes": []
        }
      ]
    },
    {
      "mode": "data",
      "type": "terraform_remote_state",
      "name": "spoke_aks",
      "provider": "provider[\"terraform.io/builtin/terraform\"]",
      "instances": [
        {
          "schema_version": 0,
          "attributes": {
            "backend": "local",
            "config": {
              "value": {
                "path": "../03_spoke_aks_infra/terraform.tfstate"
              },
              "type": [
                "object",
                {
                  "path": "string"
                }
              ]
            },
            "defaults": null,
            "outputs": {
              "value": {
                "acr": {
                  "id": "/subscriptions/dcef7009-6b94-4382-afdc-17eb160d709a/resourceGroups/rg-lzaks-spoke-aks-infra/providers/Microsoft.ContainerRegistry/registries/acrforakstf01357"
                },
                "application_gateway": {
                  "enabled": false,
                  "id": null
                },
                "dns_zone_apps": {
                  "fqdn": null
                },
                "grafana": {
                  "dns_url": "grafana-123579-ccb6adhtbdbzf9g0.cse.grafana.azure.com",
                  "endpoint": "https://grafana-123579-ccb6adhtbdbzf9g0.cse.grafana.azure.com",
                  "id": "/subscriptions/dcef7009-6b94-4382-afdc-17eb160d709a/resourceGroups/rg-lzaks-spoke-aks-infra/providers/Microsoft.Dashboard/grafana/grafana-123579"
                },
                "prometheus": {
                  "data_collection_endpoint_id": "/subscriptions/dcef7009-6b94-4382-afdc-17eb160d709a/resourceGroups/rg-lzaks-spoke-aks-infra/providers/Microsoft.Insights/dataCollectionEndpoints/prometheus-data-collection-endpoint",
                  "data_collection_rule_id": "/subscriptions/dcef7009-6b94-4382-afdc-17eb160d709a/resourceGroups/rg-lzaks-spoke-aks-infra/providers/Microsoft.Insights/dataCollectionRules/prometheus-data-collection-rule",
                  "id": "/subscriptions/dcef7009-6b94-4382-afdc-17eb160d709a/resourceGroups/rg-lzaks-spoke-aks-infra/providers/Microsoft.Monitor/accounts/monitor-workspace-prometheus"
                },
                "route_table": {
                  "id": "/subscriptions/dcef7009-6b94-4382-afdc-17eb160d709a/resourceGroups/rg-lzaks-spoke-aks-infra/providers/Microsoft.Network/routeTables/route-table-to-firewall"
                },
                "snet_aks": {
                  "id": "/subscriptions/dcef7009-6b94-4382-afdc-17eb160d709a/resourceGroups/rg-lzaks-spoke-aks-infra/providers/Microsoft.Network/virtualNetworks/vnet-spoke-aks/subnets/snet-aks"
                },
                "vnet_spoke_aks": {
                  "address_space": [
                    "10.1.0.0/16"
                  ],
                  "id": "/subscriptions/dcef7009-6b94-4382-afdc-17eb160d709a/resourceGroups/rg-lzaks-spoke-aks-infra/providers/Microsoft.Network/virtualNetworks/vnet-spoke-aks",
                  "resource_group_name": "rg-lzaks-spoke-aks-infra",
                  "virtual_network_name": "vnet-spoke-aks"
                }
              },
              "type": [
                "object",
                {
                  "acr": [
                    "object",
                    {
                      "id": "string"
                    }
                  ],
                  "application_gateway": [
                    "object",
                    {
                      "enabled": "bool",
                      "id": "dynamic"
                    }
                  ],
                  "dns_zone_apps": [
                    "object",
                    {
                      "fqdn": "dynamic"
                    }
                  ],
                  "grafana": [
                    "object",
                    {
                      "dns_url": "string",
                      "endpoint": "string",
                      "id": "string"
                    }
                  ],
                  "prometheus": [
                    "object",
                    {
                      "data_collection_endpoint_id": "string",
                      "data_collection_rule_id": "string",
                      "id": "string"
                    }
                  ],
                  "route_table": [
                    "object",
                    {
                      "id": "string"
                    }
                  ],
                  "snet_aks": [
                    "object",
                    {
                      "id": "string"
                    }
                  ],
                  "vnet_spoke_aks": [
                    "object",
                    {
                      "address_space": [
                        "set",
                        "string"
                      ],
                      "id": "string",
                      "resource_group_name": "string",
                      "virtual_network_name": "string"
                    }
                  ]
                }
              ]
            },
            "workspace": null
          },
          "sensitive_attributes": []
        }
      ]
    },
    {
      "mode": "managed",
      "type": "azuread_group",
      "name": "aks_admins",
      "provider": "provider[\"registry.terraform.io/hashicorp/azuread\"]",
      "instances": [
        {
          "schema_version": 1,
          "attributes": {
            "administrative_unit_ids": [],
            "assignable_to_role": false,
            "auto_subscribe_new_members": false,
            "behaviors": [],
            "description": "",
            "display_name": "aks-admins",
            "dynamic_membership": [],
            "external_senders_allowed": false,
            "hide_from_address_lists": false,
            "hide_from_outlook_clients": false,
            "id": "/groups/b591b75b-2e44-498f-868f-8acd5e1cc1df",
            "mail": "",
            "mail_enabled": false,
            "mail_nickname": "787dcb67-9",
            "members": [
              "8173c45d-035e-4692-8f40-540cd5fc0f18"
            ],
            "object_id": "b591b75b-2e44-498f-868f-8acd5e1cc1df",
            "onpremises_domain_name": "",
            "onpremises_group_type": "",
            "onpremises_netbios_name": "",
            "onpremises_sam_account_name": "",
            "onpremises_security_identifier": "",
            "onpremises_sync_enabled": false,
            "owners": [
              "8173c45d-035e-4692-8f40-540cd5fc0f18"
            ],
            "preferred_language": "",
            "prevent_duplicate_names": false,
            "provisioning_options": [],
            "proxy_addresses": [],
            "security_enabled": true,
            "theme": "",
            "timeouts": null,
            "types": [],
            "visibility": "",
            "writeback_enabled": false
          },
          "sensitive_attributes": [],
          "private": "eyJlMmJmYjczMC1lY2FhLTExZTYtOGY4OC0zNDM2M2JjN2M0YzAiOnsiY3JlYXRlIjoxMjAwMDAwMDAwMDAwLCJkZWxldGUiOjMwMDAwMDAwMDAwMCwicmVhZCI6MzAwMDAwMDAwMDAwLCJ1cGRhdGUiOjEyMDAwMDAwMDAwMDB9LCJzY2hlbWFfdmVyc2lvbiI6IjEifQ==",
          "dependencies": [
            "data.azurerm_client_config.current"
          ]
        }
      ]
    },
    {
      "mode": "managed",
      "type": "azurerm_monitor_data_collection_endpoint",
      "name": "dce-log-analytics",
      "provider": "provider[\"registry.terraform.io/hashicorp/azurerm\"]",
      "instances": [
        {
          "schema_version": 0,
          "attributes": {
            "configuration_access_endpoint": "https://dce-log-analytics-czm1.swedencentral-1.handler.control.monitor.azure.com",
            "description": "",
            "id": "/subscriptions/dcef7009-6b94-4382-afdc-17eb160d709a/resourceGroups/rg-lzaks-spoke-aks-cx-monitoring/providers/Microsoft.Insights/dataCollectionEndpoints/dce-log-analytics",
            "immutable_id": "dce-22df8703932e4eb8be36819056c1615a",
            "kind": "",
            "location": "swedencentral",
            "logs_ingestion_endpoint": "https://dce-log-analytics-czm1.swedencentral-1.ingest.monitor.azure.com",
            "name": "dce-log-analytics",
            "public_network_access_enabled": true,
            "resource_group_name": "rg-lzaks-spoke-aks-cx-monitoring",
            "tags": null,
            "timeouts": null
          },
          "sensitive_attributes": [],
          "private": "eyJlMmJmYjczMC1lY2FhLTExZTYtOGY4OC0zNDM2M2JjN2M0YzAiOnsiY3JlYXRlIjoxODAwMDAwMDAwMDAwLCJkZWxldGUiOjE4MDAwMDAwMDAwMDAsInJlYWQiOjMwMDAwMDAwMDAwMCwidXBkYXRlIjoxODAwMDAwMDAwMDAwfX0=",
          "dependencies": [
            "azurerm_resource_group.rg-monitoring"
          ]
        }
      ]
    },
    {
      "mode": "managed",
      "type": "azurerm_monitor_data_collection_rule",
      "name": "dcr-log-analytics",
      "provider": "provider[\"registry.terraform.io/hashicorp/azurerm\"]",
      "instances": [
        {
          "schema_version": 0,
          "attributes": {
            "data_collection_endpoint_id": "/subscriptions/dcef7009-6b94-4382-afdc-17eb160d709a/resourceGroups/rg-lzaks-spoke-aks-cx-monitoring/providers/Microsoft.Insights/dataCollectionEndpoints/dce-log-analytics",
            "data_flow": [
              {
                "built_in_transform": "",
                "destinations": [
                  "log_analytics"
                ],
                "output_stream": "",
                "streams": [
                  "Microsoft-ContainerInsights-Group-Default"
                ],
                "transform_kql": ""
              }
            ],
            "data_sources": [
              {
                "data_import": [],
                "extension": [
                  {
                    "extension_json": "{\"dataCollectionSettings\":{\"enableContainerLogV2\":true,\"interval\":\"1m\",\"namespaceFilteringMode\":\"Off\"}}",
                    "extension_name": "ContainerInsights",
                    "input_data_sources": null,
                    "name": "ContainerInsightsExtension",
                    "streams": [
                      "Microsoft-ContainerInsights-Group-Default"
                    ]
                  }
                ],
                "iis_log": [],
                "log_file": [],
                "performance_counter": [],
                "platform_telemetry": [],
                "prometheus_forwarder": [],
                "syslog": [
                  {
                    "facility_names": [
                      "*"
                    ],
                    "log_levels": [
                      "Debug",
                      "Info",
                      "Notice",
                      "Warning",
                      "Error",
                      "Critical",
                      "Alert",
                      "Emergency"
                    ],
                    "name": "example-syslog",
                    "streams": [
                      "Microsoft-Syslog"
                    ]
                  }
                ],
                "windows_event_log": [],
                "windows_firewall_log": []
              }
            ],
            "description": "",
            "destinations": [
              {
                "azure_monitor_metrics": [],
                "event_hub": [],
                "event_hub_direct": [],
                "log_analytics": [
                  {
                    "name": "log_analytics",
                    "workspace_resource_id": "/subscriptions/dcef7009-6b94-4382-afdc-17eb160d709a/resourceGroups/rg-lzaks-management/providers/Microsoft.OperationalInsights/workspaces/loganalyticsforaks011"
                  }
                ],
                "monitor_account": [],
                "storage_blob": [],
                "storage_blob_direct": [],
                "storage_table_direct": []
              }
            ],
            "id": "/subscriptions/dcef7009-6b94-4382-afdc-17eb160d709a/resourceGroups/rg-lzaks-spoke-aks-cx-monitoring/providers/Microsoft.Insights/dataCollectionRules/dcr-log-analytics",
            "identity": [],
            "immutable_id": "dcr-30aea9ba6b82483a99da5f985f3868de",
            "kind": "",
            "location": "swedencentral",
            "name": "dcr-log-analytics",
            "resource_group_name": "rg-lzaks-spoke-aks-cx-monitoring",
            "stream_declaration": [],
            "tags": null,
            "timeouts": null
          },
          "sensitive_attributes": [],
          "private": "eyJlMmJmYjczMC1lY2FhLTExZTYtOGY4OC0zNDM2M2JjN2M0YzAiOnsiY3JlYXRlIjoxODAwMDAwMDAwMDAwLCJkZWxldGUiOjE4MDAwMDAwMDAwMDAsInJlYWQiOjMwMDAwMDAwMDAwMCwidXBkYXRlIjoxODAwMDAwMDAwMDAwfX0=",
          "dependencies": [
            "azurerm_monitor_data_collection_endpoint.dce-log-analytics",
            "azurerm_resource_group.rg-monitoring",
            "data.terraform_remote_state.management"
          ]
        }
      ]
    },
    {
      "mode": "managed",
      "type": "azurerm_resource_group",
      "name": "rg-dev",
      "provider": "provider[\"registry.terraform.io/hashicorp/azurerm\"]",
      "instances": [
        {
          "schema_version": 0,
          "attributes": {
            "id": "/subscriptions/dcef7009-6b94-4382-afdc-17eb160d709a/resourceGroups/rg-lzaks-spoke-aks-cx-dev",
            "location": "swedencentral",
            "managed_by": "",
            "name": "rg-lzaks-spoke-aks-cx-dev",
            "tags": {},
            "timeouts": null
          },
          "sensitive_attributes": [],
          "private": "eyJlMmJmYjczMC1lY2FhLTExZTYtOGY4OC0zNDM2M2JjN2M0YzAiOnsiY3JlYXRlIjo1NDAwMDAwMDAwMDAwLCJkZWxldGUiOjU0MDAwMDAwMDAwMDAsInJlYWQiOjMwMDAwMDAwMDAwMCwidXBkYXRlIjo1NDAwMDAwMDAwMDAwfX0="
        }
      ]
    },
    {
      "mode": "managed",
      "type": "azurerm_resource_group",
      "name": "rg-monitoring",
      "provider": "provider[\"registry.terraform.io/hashicorp/azurerm\"]",
      "instances": [
        {
          "schema_version": 0,
          "attributes": {
            "id": "/subscriptions/dcef7009-6b94-4382-afdc-17eb160d709a/resourceGroups/rg-lzaks-spoke-aks-cx-monitoring",
            "location": "swedencentral",
            "managed_by": "",
            "name": "rg-lzaks-spoke-aks-cx-monitoring",
            "tags": null,
            "timeouts": null
          },
          "sensitive_attributes": [],
          "private": "eyJlMmJmYjczMC1lY2FhLTExZTYtOGY4OC0zNDM2M2JjN2M0YzAiOnsiY3JlYXRlIjo1NDAwMDAwMDAwMDAwLCJkZWxldGUiOjU0MDAwMDAwMDAwMDAsInJlYWQiOjMwMDAwMDAwMDAwMCwidXBkYXRlIjo1NDAwMDAwMDAwMDAwfX0="
        }
      ]
    },
    {
      "mode": "managed",
      "type": "azurerm_resource_group",
      "name": "rg-prod",
      "provider": "provider[\"registry.terraform.io/hashicorp/azurerm\"]",
      "instances": [
        {
          "schema_version": 0,
          "attributes": {
            "id": "/subscriptions/dcef7009-6b94-4382-afdc-17eb160d709a/resourceGroups/rg-lzaks-spoke-aks-cx-prod",
            "location": "swedencentral",
            "managed_by": "",
            "name": "rg-lzaks-spoke-aks-cx-prod",
            "tags": {},
            "timeouts": null
          },
          "sensitive_attributes": [],
          "private": "eyJlMmJmYjczMC1lY2FhLTExZTYtOGY4OC0zNDM2M2JjN2M0YzAiOnsiY3JlYXRlIjo1NDAwMDAwMDAwMDAwLCJkZWxldGUiOjU0MDAwMDAwMDAwMDAsInJlYWQiOjMwMDAwMDAwMDAwMCwidXBkYXRlIjo1NDAwMDAwMDAwMDAwfX0="
        }
      ]
    },
    {
      "module": "module.aks-dev",
      "mode": "managed",
      "type": "azurerm_kubernetes_cluster",
      "name": "aks",
      "provider": "provider[\"registry.terraform.io/hashicorp/azurerm\"]",
      "instances": [
        {
          "schema_version": 2,
          "attributes": {
            "aci_connector_linux": [],
            "api_server_access_profile": [],
            "auto_scaler_profile": [
              {
                "balance_similar_node_groups": false,
                "daemonset_eviction_for_empty_nodes_enabled": false,
                "daemonset_eviction_for_occupied_nodes_enabled": true,
                "empty_bulk_delete_max": "10",
                "expander": "random",
                "ignore_daemonsets_utilization_enabled": false,
                "max_graceful_termination_sec": "600",
                "max_node_provisioning_time": "15m",
                "max_unready_nodes": 3,
                "max_unready_percentage": 45,
                "new_pod_scale_up_delay": "10s",
                "scale_down_delay_after_add": "10m",
                "scale_down_delay_after_delete": "10s",
                "scale_down_delay_after_failure": "3m",
                "scale_down_unneeded": "10m",
                "scale_down_unready": "20m",
                "scale_down_utilization_threshold": "0.5",
                "scan_interval": "10s",
                "skip_nodes_with_local_storage": true,
                "skip_nodes_with_system_pods": true
              }
            ],
            "automatic_upgrade_channel": "node-image",
            "azure_active_directory_role_based_access_control": [
              {
                "admin_group_object_ids": [],
                "azure_rbac_enabled": true,
                "tenant_id": "93139d1e-a3c1-4d78-9ed5-878be090eba4"
              }
            ],
            "azure_policy_enabled": true,
            "confidential_computing": [],
            "cost_analysis_enabled": false,
            "current_kubernetes_version": "1.31.3",
            "default_node_pool": [
              {
                "auto_scaling_enabled": true,
                "capacity_reservation_group_id": "",
                "fips_enabled": false,
                "gpu_instance": "",
                "host_encryption_enabled": false,
                "host_group_id": "",
                "kubelet_config": [],
                "kubelet_disk_type": "OS",
                "linux_os_config": [],
                "max_count": 5,
                "max_pods": 110,
                "min_count": 2,
                "name": "systemnp",
                "node_count": 4,
                "node_labels": {},
                "node_network_profile": [],
                "node_public_ip_enabled": false,
                "node_public_ip_prefix_id": "",
                "only_critical_addons_enabled": true,
                "orchestrator_version": "1.31.3",
                "os_disk_size_gb": 128,
                "os_disk_type": "Managed",
                "os_sku": "Ubuntu",
                "pod_subnet_id": "",
                "proximity_placement_group_id": "",
                "scale_down_mode": "Deallocate",
                "snapshot_id": "",
                "tags": {
                  "architecture": "Hub\u0026Spoke",
                  "environment": "development",
                  "source": "terraform"
                },
                "temporary_name_for_rotation": "sysnptmp",
                "type": "VirtualMachineScaleSets",
                "ultra_ssd_enabled": false,
                "upgrade_settings": [
                  {
                    "drain_timeout_in_minutes": 0,
                    "max_surge": "10%",
                    "node_soak_duration_in_minutes": 0
                  }
                ],
                "vm_size": "Standard_D2s_v5",
                "vnet_subnet_id": "/subscriptions/dcef7009-6b94-4382-afdc-17eb160d709a/resourceGroups/rg-lzaks-spoke-aks-infra/providers/Microsoft.Network/virtualNetworks/vnet-spoke-aks/subnets/snet-aks",
                "workload_runtime": "OCIContainer",
                "zones": [
                  "1",
                  "2",
                  "3"
                ]
              }
            ],
            "disk_encryption_set_id": "",
            "dns_prefix": "aks",
            "dns_prefix_private_cluster": "",
            "edge_zone": "",
            "fqdn": "",
            "http_application_routing_enabled": false,
            "http_application_routing_zone_name": "",
            "http_proxy_config": [],
            "id": "/subscriptions/dcef7009-6b94-4382-afdc-17eb160d709a/resourceGroups/rg-lzaks-spoke-aks-cx-dev/providers/Microsoft.ContainerService/managedClusters/aks-cluster",
            "identity": [
              {
                "identity_ids": [
                  "/subscriptions/dcef7009-6b94-4382-afdc-17eb160d709a/resourceGroups/rg-lzaks-spoke-aks-cx-dev/providers/Microsoft.ManagedIdentity/userAssignedIdentities/identity-aks"
                ],
                "principal_id": "",
                "tenant_id": "",
                "type": "UserAssigned"
              }
            ],
            "image_cleaner_enabled": true,
            "image_cleaner_interval_hours": 24,
            "ingress_application_gateway": [],
            "key_management_service": [],
            "key_vault_secrets_provider": [
              {
                "secret_identity": [
                  {
                    "client_id": "07b8a38a-f101-4f26-9cf3-bd3b9babb629",
                    "object_id": "1419b821-843c-4af4-a756-6a8d12cf3074",
                    "user_assigned_identity_id": "/subscriptions/dcef7009-6b94-4382-afdc-17eb160d709a/resourcegroups/rg-lzaks-spoke-aks-cx-dev-nodes/providers/Microsoft.ManagedIdentity/userAssignedIdentities/azurekeyvaultsecretsprovider-aks-cluster"
                  }
                ],
                "secret_rotation_enabled": true,
                "secret_rotation_interval": "2m"
              }
            ],
            "kube_admin_config": [],
            "kube_admin_config_raw": "",
            "kube_config": [
              {
                "client_certificate": "",
                "client_key": "",
                "cluster_ca_certificate": "LS0tLS1CRUdJTiBDRVJUSUZJQ0FURS0tLS0tCk1JSUU2RENDQXRDZ0F3SUJBZ0lRRHFhczVIUUdNdzZsL0w1dlZONWxnakFOQmdrcWhraUc5dzBCQVFzRkFEQU4KTVFzd0NRWURWUVFERXdKallUQWdGdzB5TlRBeE1qTXdOalUwTVRGYUdBOHlNRFUxTURFeU16QTNNRFF4TVZvdwpEVEVMTUFrR0ExVUVBeE1DWTJFd2dnSWlNQTBHQ1NxR1NJYjNEUUVCQVFVQUE0SUNEd0F3Z2dJS0FvSUNBUUMrCnBOTnVKSzdSKzRrL1h1SFFoaS80TE9uZktqYlhEdzY5djFSRHpFM2JGRjhnenk1ZUZIamk4UldKTjFzaC9yMWUKUDNyM3F6bFYza2hiUVM3b2dyMDRBMk85Q3UzWExNa0x2ZjM2QlhxMlE3UytaUlhhdTFWK21aNnZhMlpVYVM2WAo3S05pR3pYVnh5S2tXOURGQ0VtYS9lajNNMHdCS0tadEV0V2F0SzhLNTNLQkFBSmVwR0cwbXJTdmZyZm5aOFZwCnpnVjVCZXpCZ2FRd09NSkROZ3VQdXFMVXk3NWlINGEvWUdDRWpyRUU3V2llTHUyTjVnY1VuWVl2UldZbitVOFMKUlRjemJLZk1MTmtvRlhQN0tjV1MxSnpTZHhxRFhrRUlscDg0R1hnTGRla0ptZFU5SDVMczhDczNVR2NIRFlpOQoxYk5tYk91QmxGR2FUazQ1WGlMS3kxZnBWR1d3bDVaL3owQW4vQUVFenVRYzc0b2huYm5Vb3JzOENURDdFOThmClhIWjJYM1JkbzJtZWgvRGVaNnBobWtOajBRQnVnVGs1UEd5YU1rOUYyMFNZZFI0Q3Njend3R05YY3l5RDI2VUsKTWNvaEJueDBYTXRTTmIyVGdFSHJmU0kwenNYYmpRL3hVN1hyNWI4dHZSRVFYZXNDZUJrdlhHMjY0ZG8zRnJ3WgoyYkttbGNET1NJMVE0b0VTNHA0RlB5WTNpcjFtOWt5WlBCUm5OTUpUM3ZrNGRRdGV6Wlh3YnhpdlcxMEt0OG1CCnBBNVBDVjlaTkdIeGJIYTVZWUVTVGtVTDBseW9ISzBBTzlGUlh1UU1rUjlpejhtOHJ4ZzgxRVdpQ3ZacHZBOEgKOHEzRHFoZmduZ2I4eC9wK0hOMnl3ZHdudEtwYzdHS3dkWHpmYk00NkJ3SURBUUFCbzBJd1FEQU9CZ05WSFE4QgpBZjhFQkFNQ0FxUXdEd1lEVlIwVEFRSC9CQVV3QXdFQi96QWRCZ05WSFE0RUZnUVVhVnBTMW1ZNVEzUmdxMnNyCjJqS1NjOFNxNms4d0RRWUpLb1pJaHZjTkFRRUxCUUFEZ2dJQkFKS01la25HNDdXM2hrdWFpbG4wL1pOeGswQ2YKam1TME15RnVYb0YxT1Vmem5MWDhCclkyczl6NU9MTVJaMlRlUHV0TXBKMFdlTk1kK3hSZ3FMbGY1bDRlZGh2cQp3Z0FQcWV2Q3Q3M0Vod2ZLcFVYTDdKYnkxUWRQZy9mLzFucG9YbWdRUjUwOUJNc1Y0bWI3TFp3dkhUODJORm5xCnNQam01Q2N4VjBwdFB3ZE1xK3ZqWjJYc1NGZU9pNVhCaVplNUdKTExxaDFWcnJ5WnhMOEcrdHR6bkFwNTk5L1gKOThIYmtsbmVBWnYwNGlUMG1qcStnVFFLVkNReGhwdDdpbFFTZDAyTWROVnRqZE5qcFRVeWQxUDc2MjMwV04rYwpvd0luMi9id2JQbDg1QUZ1L0NVdmlsZkhhNTVrYWg5UDB5VnNwRmlzVTZDZ2JWaDZPbFpadmNkTzMwWHA5dVd1CjJOK2ZXRWJ3WGxkNkJCbGlOWmNpbUN3MFdENy9SY3VOTko4ayt3UUg0MU5IOWV0bG9jWnlDQi9wbE9kYUZlemIKd2dmRDZ6dG9JdGtEMEkyai9hTUkrbWMzb05RTXhzZi83dXpRc1Mxc0hQNENtZVQ2MWY0LzZSOCtqUUYzYm11TApDS0hZZkRWb1RPQnl4WUh1L2FPM0JxUk91ekRoWHRwdHJ3cGMzOGcySVFtR20wT3FjQXRCRVYzRXFPSU1IZnhrCmJYSnJXc3JuS2dDeWRLOVpnaTd3a0FzemJKbkxQSGlkeVN6ajdlNEFmM3BFeDZLbndhVUZZcGtMVXpZUUFkL2sKMEwvMklYVjcxTDZkaGNSOFBycGZ1VzN1RVVLRnJYY1praTJZSTl1VkcvdGFwRGl1VHVudi83YnFKL2tGaS9DUgpTK01kSFU1amZMMTRRMU5LCi0tLS0tRU5EIENFUlRJRklDQVRFLS0tLS0K",
                "host": "https://aks-6ekaccjn.privatelink.swedencentral.azmk8s.io:443",
                "password": "",
                "username": "clusterUser_rg-lzaks-spoke-aks-cx-dev_aks-cluster"
              }
            ],
            "kube_config_raw": "apiVersion: v1\nclusters:\n- cluster:\n    certificate-authority-data: LS0tLS1CRUdJTiBDRVJUSUZJQ0FURS0tLS0tCk1JSUU2RENDQXRDZ0F3SUJBZ0lRRHFhczVIUUdNdzZsL0w1dlZONWxnakFOQmdrcWhraUc5dzBCQVFzRkFEQU4KTVFzd0NRWURWUVFERXdKallUQWdGdzB5TlRBeE1qTXdOalUwTVRGYUdBOHlNRFUxTURFeU16QTNNRFF4TVZvdwpEVEVMTUFrR0ExVUVBeE1DWTJFd2dnSWlNQTBHQ1NxR1NJYjNEUUVCQVFVQUE0SUNEd0F3Z2dJS0FvSUNBUUMrCnBOTnVKSzdSKzRrL1h1SFFoaS80TE9uZktqYlhEdzY5djFSRHpFM2JGRjhnenk1ZUZIamk4UldKTjFzaC9yMWUKUDNyM3F6bFYza2hiUVM3b2dyMDRBMk85Q3UzWExNa0x2ZjM2QlhxMlE3UytaUlhhdTFWK21aNnZhMlpVYVM2WAo3S05pR3pYVnh5S2tXOURGQ0VtYS9lajNNMHdCS0tadEV0V2F0SzhLNTNLQkFBSmVwR0cwbXJTdmZyZm5aOFZwCnpnVjVCZXpCZ2FRd09NSkROZ3VQdXFMVXk3NWlINGEvWUdDRWpyRUU3V2llTHUyTjVnY1VuWVl2UldZbitVOFMKUlRjemJLZk1MTmtvRlhQN0tjV1MxSnpTZHhxRFhrRUlscDg0R1hnTGRla0ptZFU5SDVMczhDczNVR2NIRFlpOQoxYk5tYk91QmxGR2FUazQ1WGlMS3kxZnBWR1d3bDVaL3owQW4vQUVFenVRYzc0b2huYm5Vb3JzOENURDdFOThmClhIWjJYM1JkbzJtZWgvRGVaNnBobWtOajBRQnVnVGs1UEd5YU1rOUYyMFNZZFI0Q3Njend3R05YY3l5RDI2VUsKTWNvaEJueDBYTXRTTmIyVGdFSHJmU0kwenNYYmpRL3hVN1hyNWI4dHZSRVFYZXNDZUJrdlhHMjY0ZG8zRnJ3WgoyYkttbGNET1NJMVE0b0VTNHA0RlB5WTNpcjFtOWt5WlBCUm5OTUpUM3ZrNGRRdGV6Wlh3YnhpdlcxMEt0OG1CCnBBNVBDVjlaTkdIeGJIYTVZWUVTVGtVTDBseW9ISzBBTzlGUlh1UU1rUjlpejhtOHJ4ZzgxRVdpQ3ZacHZBOEgKOHEzRHFoZmduZ2I4eC9wK0hOMnl3ZHdudEtwYzdHS3dkWHpmYk00NkJ3SURBUUFCbzBJd1FEQU9CZ05WSFE4QgpBZjhFQkFNQ0FxUXdEd1lEVlIwVEFRSC9CQVV3QXdFQi96QWRCZ05WSFE0RUZnUVVhVnBTMW1ZNVEzUmdxMnNyCjJqS1NjOFNxNms4d0RRWUpLb1pJaHZjTkFRRUxCUUFEZ2dJQkFKS01la25HNDdXM2hrdWFpbG4wL1pOeGswQ2YKam1TME15RnVYb0YxT1Vmem5MWDhCclkyczl6NU9MTVJaMlRlUHV0TXBKMFdlTk1kK3hSZ3FMbGY1bDRlZGh2cQp3Z0FQcWV2Q3Q3M0Vod2ZLcFVYTDdKYnkxUWRQZy9mLzFucG9YbWdRUjUwOUJNc1Y0bWI3TFp3dkhUODJORm5xCnNQam01Q2N4VjBwdFB3ZE1xK3ZqWjJYc1NGZU9pNVhCaVplNUdKTExxaDFWcnJ5WnhMOEcrdHR6bkFwNTk5L1gKOThIYmtsbmVBWnYwNGlUMG1qcStnVFFLVkNReGhwdDdpbFFTZDAyTWROVnRqZE5qcFRVeWQxUDc2MjMwV04rYwpvd0luMi9id2JQbDg1QUZ1L0NVdmlsZkhhNTVrYWg5UDB5VnNwRmlzVTZDZ2JWaDZPbFpadmNkTzMwWHA5dVd1CjJOK2ZXRWJ3WGxkNkJCbGlOWmNpbUN3MFdENy9SY3VOTko4ayt3UUg0MU5IOWV0bG9jWnlDQi9wbE9kYUZlemIKd2dmRDZ6dG9JdGtEMEkyai9hTUkrbWMzb05RTXhzZi83dXpRc1Mxc0hQNENtZVQ2MWY0LzZSOCtqUUYzYm11TApDS0hZZkRWb1RPQnl4WUh1L2FPM0JxUk91ekRoWHRwdHJ3cGMzOGcySVFtR20wT3FjQXRCRVYzRXFPSU1IZnhrCmJYSnJXc3JuS2dDeWRLOVpnaTd3a0FzemJKbkxQSGlkeVN6ajdlNEFmM3BFeDZLbndhVUZZcGtMVXpZUUFkL2sKMEwvMklYVjcxTDZkaGNSOFBycGZ1VzN1RVVLRnJYY1praTJZSTl1VkcvdGFwRGl1VHVudi83YnFKL2tGaS9DUgpTK01kSFU1amZMMTRRMU5LCi0tLS0tRU5EIENFUlRJRklDQVRFLS0tLS0K\n    server: https://aks-6ekaccjn.privatelink.swedencentral.azmk8s.io:443\n  name: aks-cluster\ncontexts:\n- context:\n    cluster: aks-cluster\n    user: clusterUser_rg-lzaks-spoke-aks-cx-dev_aks-cluster\n  name: aks-cluster\ncurrent-context: aks-cluster\nkind: Config\npreferences: {}\nusers:\n- name: clusterUser_rg-lzaks-spoke-aks-cx-dev_aks-cluster\n  user:\n    exec:\n      apiVersion: client.authentication.k8s.io/v1beta1\n      args:\n      - get-token\n      - --environment\n      - AzurePublicCloud\n      - --server-id\n      - 6dae42f8-4368-4678-94ff-3960e28e3630\n      - --client-id\n      - 80faf920-1908-4b52-b5ef-a8e7bedfc67a\n      - --tenant-id\n      - 93139d1e-a3c1-4d78-9ed5-878be090eba4\n      - --login\n      - devicecode\n      command: kubelogin\n      env: null\n      installHint: |2\n\n        kubelogin is not installed which is required to connect to AAD enabled cluster.\n\n        To learn more, please go to https://aka.ms/aks/kubelogin\n      provideClusterInfo: false\n",
            "kubelet_identity": [
              {
                "client_id": "cac6630d-fae6-4c16-bc97-1c010a7fe8cb",
                "object_id": "469be0d5-b81d-48b6-8153-2772e8350189",
                "user_assigned_identity_id": "/subscriptions/dcef7009-6b94-4382-afdc-17eb160d709a/resourceGroups/rg-lzaks-spoke-aks-cx-dev/providers/Microsoft.ManagedIdentity/userAssignedIdentities/identity-kubelet"
              }
            ],
            "kubernetes_version": "1.31.3",
            "linux_profile": [],
            "local_account_disabled": true,
            "location": "swedencentral",
            "maintenance_window": [
              {
                "allowed": [
                  {
                    "day": "Saturday",
                    "hours": [
                      2,
                      8
                    ]
                  }
                ],
                "not_allowed": []
              }
            ],
            "maintenance_window_auto_upgrade": [
              {
                "day_of_month": 0,
                "day_of_week": "Monday",
                "duration": 9,
                "frequency": "Weekly",
                "interval": 1,
                "not_allowed": [
                  {
                    "end": "2025-01-02T00:00:00Z",
                    "start": "2025-01-01T00:00:00Z"
                  }
                ],
                "start_date": "2025-01-01T00:00:00Z",
                "start_time": "02:00",
                "utc_offset": "+01:00",
                "week_index": ""
              }
            ],
            "maintenance_window_node_os": [
              {
                "day_of_month": 0,
                "day_of_week": "Monday",
                "duration": 9,
                "frequency": "Weekly",
                "interval": 1,
                "not_allowed": [
                  {
                    "end": "2025-01-02T00:00:00Z",
                    "start": "2025-01-01T00:00:00Z"
                  }
                ],
                "start_date": "2025-01-01T00:00:00Z",
                "start_time": "02:00",
                "utc_offset": "+01:00",
                "week_index": ""
              }
            ],
            "microsoft_defender": [],
            "monitor_metrics": [
              {
                "annotations_allowed": "",
                "labels_allowed": ""
              }
            ],
            "name": "aks-cluster",
            "network_profile": [
              {
                "dns_service_ip": "10.0.0.10",
                "ip_versions": [
                  "IPv4"
                ],
                "load_balancer_profile": [
                  {
                    "backend_pool_type": "NodeIPConfiguration",
                    "effective_outbound_ips": [],
                    "idle_timeout_in_minutes": 0,
                    "managed_outbound_ip_count": 0,
                    "managed_outbound_ipv6_count": 0,
                    "outbound_ip_address_ids": [],
                    "outbound_ip_prefix_ids": [],
                    "outbound_ports_allocated": 0
                  }
                ],
                "load_balancer_sku": "standard",
                "nat_gateway_profile": [],
                "network_data_plane": "cilium",
                "network_mode": "",
                "network_plugin": "azure",
                "network_plugin_mode": "overlay",
                "network_policy": "cilium",
                "outbound_type": "userDefinedRouting",
                "pod_cidr": "10.10.240.0/20",
                "pod_cidrs": [
                  "10.10.240.0/20"
                ],
                "service_cidr": "10.0.0.0/16",
                "service_cidrs": [
                  "10.0.0.0/16"
                ]
              }
            ],
            "node_os_upgrade_channel": "NodeImage",
            "node_resource_group": "rg-lzaks-spoke-aks-cx-dev-nodes",
            "node_resource_group_id": "/subscriptions/dcef7009-6b94-4382-afdc-17eb160d709a/resourceGroups/rg-lzaks-spoke-aks-cx-dev-nodes",
            "oidc_issuer_enabled": true,
            "oidc_issuer_url": "https://swedencentral.oic.prod-aks.azure.com/93139d1e-a3c1-4d78-9ed5-878be090eba4/fd77d96a-e7d7-4f51-8894-2fe64c44f545/",
            "oms_agent": [
              {
                "log_analytics_workspace_id": "/subscriptions/dcef7009-6b94-4382-afdc-17eb160d709a/resourceGroups/rg-lzaks-management/providers/Microsoft.OperationalInsights/workspaces/loganalyticsforaks011",
                "msi_auth_for_monitoring_enabled": true,
                "oms_agent_identity": []
              }
            ],
            "open_service_mesh_enabled": false,
            "portal_fqdn": "75fa80ee95488d529a493cbf95463ae0-priv.portal.hcp.swedencentral.azmk8s.io",
            "private_cluster_enabled": true,
            "private_cluster_public_fqdn_enabled": false,
            "private_dns_zone_id": "/subscriptions/dcef7009-6b94-4382-afdc-17eb160d709a/resourceGroups/rg-lzaks-hub/providers/Microsoft.Network/privateDnsZones/privatelink.swedencentral.azmk8s.io",
            "private_fqdn": "aks-6ekaccjn.privatelink.swedencentral.azmk8s.io",
            "resource_group_name": "rg-lzaks-spoke-aks-cx-dev",
            "role_based_access_control_enabled": true,
            "run_command_enabled": false,
            "service_mesh_profile": [],
            "service_principal": [],
            "sku_tier": "Standard",
            "storage_profile": [
              {
                "blob_driver_enabled": true,
                "disk_driver_enabled": true,
                "file_driver_enabled": true,
                "snapshot_controller_enabled": true
              }
            ],
            "support_plan": "KubernetesOfficial",
            "tags": {
              "architecture": "Hub\u0026Spoke",
              "environment": "development",
              "source": "terraform"
            },
            "timeouts": null,
            "web_app_routing": [
              {
                "dns_zone_ids": [],
                "web_app_routing_identity": [
                  {
                    "client_id": "ba5833b4-9c52-4c0e-8ecb-e7ea8c62c015",
                    "object_id": "b9b9e2c2-8e53-473f-a417-c8526f958d9a",
                    "user_assigned_identity_id": "/subscriptions/dcef7009-6b94-4382-afdc-17eb160d709a/resourcegroups/rg-lzaks-spoke-aks-cx-dev-nodes/providers/Microsoft.ManagedIdentity/userAssignedIdentities/webapprouting-aks-cluster"
                  }
                ]
              }
            ],
            "windows_profile": [
              {
                "admin_password": "",
                "admin_username": "azureuser",
                "gmsa": [],
                "license": ""
              }
            ],
            "workload_autoscaler_profile": [
              {
                "keda_enabled": true,
                "vertical_pod_autoscaler_enabled": false
              }
            ],
            "workload_identity_enabled": true
          },
          "sensitive_attributes": [
            [
              {
                "type": "get_attr",
                "value": "kube_admin_config_raw"
              }
            ],
            [
              {
                "type": "get_attr",
                "value": "windows_profile"
              },
              {
                "type": "index",
                "value": {
                  "value": 0,
                  "type": "number"
                }
              },
              {
                "type": "get_attr",
                "value": "admin_password"
              }
            ],
            [
              {
                "type": "get_attr",
                "value": "kube_config"
              }
            ],
            [
              {
                "type": "get_attr",
                "value": "kube_admin_config"
              }
            ],
            [
              {
                "type": "get_attr",
                "value": "kube_config_raw"
              }
            ]
          ],
          "private": "eyJlMmJmYjczMC1lY2FhLTExZTYtOGY4OC0zNDM2M2JjN2M0YzAiOnsiY3JlYXRlIjo1NDAwMDAwMDAwMDAwLCJkZWxldGUiOjU0MDAwMDAwMDAwMDAsInJlYWQiOjMwMDAwMDAwMDAwMCwidXBkYXRlIjo1NDAwMDAwMDAwMDAwfSwic2NoZW1hX3ZlcnNpb24iOiIyIn0=",
          "dependencies": [
            "azurerm_resource_group.rg-dev",
            "data.azurerm_client_config.current",
            "data.terraform_remote_state.hub",
            "data.terraform_remote_state.management",
            "data.terraform_remote_state.spoke_aks",
            "module.aks-dev.azurerm_role_assignment.contributor",
            "module.aks-dev.azurerm_role_assignment.managed-identity-operator",
            "module.aks-dev.azurerm_role_assignment.network-contributor",
            "module.aks-dev.azurerm_role_assignment.private-dns-zone-contributor",
            "module.aks-dev.azurerm_user_assigned_identity.identity-aks",
            "module.aks-dev.azurerm_user_assigned_identity.identity-kubelet"
          ]
        }
      ]
    },
    {
      "module": "module.aks-dev",
      "mode": "managed",
      "type": "azurerm_kubernetes_cluster_node_pool",
      "name": "poolapps",
      "provider": "provider[\"registry.terraform.io/hashicorp/azurerm\"]",
      "instances": [
        {
          "index_key": "poolappsamd",
          "schema_version": 1,
          "attributes": {
            "auto_scaling_enabled": true,
            "capacity_reservation_group_id": "",
            "eviction_policy": "",
            "fips_enabled": false,
            "gpu_instance": null,
            "host_encryption_enabled": false,
            "host_group_id": "",
            "id": "/subscriptions/dcef7009-6b94-4382-afdc-17eb160d709a/resourceGroups/rg-lzaks-spoke-aks-cx-dev/providers/Microsoft.ContainerService/managedClusters/aks-cluster/agentPools/poolappsamd",
            "kubelet_config": [],
            "kubelet_disk_type": "OS",
            "kubernetes_cluster_id": "/subscriptions/dcef7009-6b94-4382-afdc-17eb160d709a/resourceGroups/rg-lzaks-spoke-aks-cx-dev/providers/Microsoft.ContainerService/managedClusters/aks-cluster",
            "linux_os_config": [],
            "max_count": 3,
            "max_pods": 110,
            "min_count": 1,
            "mode": "User",
            "name": "poolappsamd",
            "node_count": 1,
            "node_labels": {},
            "node_network_profile": [],
            "node_public_ip_enabled": false,
            "node_public_ip_prefix_id": "",
            "node_taints": [],
            "orchestrator_version": "1.31.3",
            "os_disk_size_gb": 60,
            "os_disk_type": "Managed",
            "os_sku": "Ubuntu",
            "os_type": "Linux",
            "pod_subnet_id": "",
            "priority": "Regular",
            "proximity_placement_group_id": "",
            "scale_down_mode": "Delete",
            "snapshot_id": null,
            "spot_max_price": -1,
            "tags": {
              "architecture": "Hub\u0026Spoke",
              "environment": "development",
              "source": "terraform"
            },
            "temporary_name_for_rotation": null,
            "timeouts": null,
            "ultra_ssd_enabled": false,
            "upgrade_settings": [
              {
                "drain_timeout_in_minutes": 0,
                "max_surge": "3",
                "node_soak_duration_in_minutes": 0
              }
            ],
            "vm_size": "Standard_D2s_v5",
            "vnet_subnet_id": "/subscriptions/dcef7009-6b94-4382-afdc-17eb160d709a/resourceGroups/rg-lzaks-spoke-aks-infra/providers/Microsoft.Network/virtualNetworks/vnet-spoke-aks/subnets/snet-aks",
            "windows_profile": [],
            "workload_runtime": "OCIContainer",
            "zones": [
              "1",
              "2",
              "3"
            ]
          },
          "sensitive_attributes": [],
          "private": "eyJlMmJmYjczMC1lY2FhLTExZTYtOGY4OC0zNDM2M2JjN2M0YzAiOnsiY3JlYXRlIjozNjAwMDAwMDAwMDAwLCJkZWxldGUiOjM2MDAwMDAwMDAwMDAsInJlYWQiOjMwMDAwMDAwMDAwMCwidXBkYXRlIjozNjAwMDAwMDAwMDAwfSwic2NoZW1hX3ZlcnNpb24iOiIxIn0=",
          "dependencies": [
            "azurerm_resource_group.rg-dev",
            "data.azurerm_client_config.current",
            "data.terraform_remote_state.hub",
            "data.terraform_remote_state.management",
            "data.terraform_remote_state.spoke_aks",
            "module.aks-dev.azurerm_kubernetes_cluster.aks",
            "module.aks-dev.azurerm_role_assignment.contributor",
            "module.aks-dev.azurerm_role_assignment.managed-identity-operator",
            "module.aks-dev.azurerm_role_assignment.network-contributor",
            "module.aks-dev.azurerm_role_assignment.private-dns-zone-contributor",
            "module.aks-dev.azurerm_user_assigned_identity.identity-aks",
            "module.aks-dev.azurerm_user_assigned_identity.identity-kubelet"
          ]
        }
      ]
    },
    {
      "module": "module.aks-dev",
      "mode": "managed",
      "type": "azurerm_monitor_data_collection_rule_association",
      "name": "dcra-dce-log-analytics-aks",
      "provider": "provider[\"registry.terraform.io/hashicorp/azurerm\"]",
      "instances": [
        {
          "schema_version": 0,
          "attributes": {
            "data_collection_endpoint_id": "/subscriptions/dcef7009-6b94-4382-afdc-17eb160d709a/resourceGroups/rg-lzaks-spoke-aks-cx-monitoring/providers/Microsoft.Insights/dataCollectionEndpoints/dce-log-analytics",
            "data_collection_rule_id": "",
            "description": "",
            "id": "/subscriptions/dcef7009-6b94-4382-afdc-17eb160d709a/resourceGroups/rg-lzaks-spoke-aks-cx-dev/providers/Microsoft.ContainerService/managedClusters/aks-cluster/providers/Microsoft.Insights/dataCollectionRuleAssociations/configurationAccessEndpoint",
            "name": "configurationAccessEndpoint",
            "target_resource_id": "/subscriptions/dcef7009-6b94-4382-afdc-17eb160d709a/resourceGroups/rg-lzaks-spoke-aks-cx-dev/providers/Microsoft.ContainerService/managedClusters/aks-cluster",
            "timeouts": null
          },
          "sensitive_attributes": [],
          "private": "eyJlMmJmYjczMC1lY2FhLTExZTYtOGY4OC0zNDM2M2JjN2M0YzAiOnsiY3JlYXRlIjoxODAwMDAwMDAwMDAwLCJkZWxldGUiOjE4MDAwMDAwMDAwMDAsInJlYWQiOjMwMDAwMDAwMDAwMCwidXBkYXRlIjoxODAwMDAwMDAwMDAwfX0=",
          "dependencies": [
            "azurerm_monitor_data_collection_endpoint.dce-log-analytics",
            "azurerm_resource_group.rg-dev",
            "azurerm_resource_group.rg-monitoring",
            "data.azurerm_client_config.current",
            "data.terraform_remote_state.hub",
            "data.terraform_remote_state.management",
            "data.terraform_remote_state.spoke_aks",
            "module.aks-dev.azurerm_kubernetes_cluster.aks",
            "module.aks-dev.azurerm_role_assignment.contributor",
            "module.aks-dev.azurerm_role_assignment.managed-identity-operator",
            "module.aks-dev.azurerm_role_assignment.network-contributor",
            "module.aks-dev.azurerm_role_assignment.private-dns-zone-contributor",
            "module.aks-dev.azurerm_user_assigned_identity.identity-aks",
            "module.aks-dev.azurerm_user_assigned_identity.identity-kubelet"
          ]
        }
      ]
    },
    {
      "module": "module.aks-dev",
      "mode": "managed",
      "type": "azurerm_monitor_data_collection_rule_association",
      "name": "dcra-dcr-log-analytics-aks",
      "provider": "provider[\"registry.terraform.io/hashicorp/azurerm\"]",
      "instances": [
        {
          "schema_version": 0,
          "attributes": {
            "data_collection_endpoint_id": "",
            "data_collection_rule_id": "/subscriptions/dcef7009-6b94-4382-afdc-17eb160d709a/resourceGroups/rg-lzaks-spoke-aks-cx-monitoring/providers/Microsoft.Insights/dataCollectionRules/dcr-log-analytics",
            "description": "",
            "id": "/subscriptions/dcef7009-6b94-4382-afdc-17eb160d709a/resourceGroups/rg-lzaks-spoke-aks-cx-dev/providers/Microsoft.ContainerService/managedClusters/aks-cluster/providers/Microsoft.Insights/dataCollectionRuleAssociations/dcra-dcr-log-analytics-aks",
            "name": "dcra-dcr-log-analytics-aks",
            "target_resource_id": "/subscriptions/dcef7009-6b94-4382-afdc-17eb160d709a/resourceGroups/rg-lzaks-spoke-aks-cx-dev/providers/Microsoft.ContainerService/managedClusters/aks-cluster",
            "timeouts": null
          },
          "sensitive_attributes": [],
          "private": "eyJlMmJmYjczMC1lY2FhLTExZTYtOGY4OC0zNDM2M2JjN2M0YzAiOnsiY3JlYXRlIjoxODAwMDAwMDAwMDAwLCJkZWxldGUiOjE4MDAwMDAwMDAwMDAsInJlYWQiOjMwMDAwMDAwMDAwMCwidXBkYXRlIjoxODAwMDAwMDAwMDAwfX0=",
          "dependencies": [
            "azurerm_monitor_data_collection_endpoint.dce-log-analytics",
            "azurerm_monitor_data_collection_rule.dcr-log-analytics",
            "azurerm_resource_group.rg-dev",
            "azurerm_resource_group.rg-monitoring",
            "data.azurerm_client_config.current",
            "data.terraform_remote_state.hub",
            "data.terraform_remote_state.management",
            "data.terraform_remote_state.spoke_aks",
            "module.aks-dev.azurerm_kubernetes_cluster.aks",
            "module.aks-dev.azurerm_role_assignment.contributor",
            "module.aks-dev.azurerm_role_assignment.managed-identity-operator",
            "module.aks-dev.azurerm_role_assignment.network-contributor",
            "module.aks-dev.azurerm_role_assignment.private-dns-zone-contributor",
            "module.aks-dev.azurerm_user_assigned_identity.identity-aks",
            "module.aks-dev.azurerm_user_assigned_identity.identity-kubelet"
          ]
        }
      ]
    },
    {
      "module": "module.aks-dev",
      "mode": "managed",
      "type": "azurerm_monitor_diagnostic_setting",
      "name": "aks_diagnostic_settings",
      "provider": "provider[\"registry.terraform.io/hashicorp/azurerm\"]",
      "instances": [
        {
          "schema_version": 0,
          "attributes": {
            "enabled_log": [
              {
                "category": "cloud-controller-manager",
                "category_group": "",
                "retention_policy": [
                  {
                    "days": 0,
                    "enabled": false
                  }
                ]
              },
              {
                "category": "cluster-autoscaler",
                "category_group": "",
                "retention_policy": [
                  {
                    "days": 0,
                    "enabled": false
                  }
                ]
              },
              {
                "category": "csi-azuredisk-controller",
                "category_group": "",
                "retention_policy": [
                  {
                    "days": 0,
                    "enabled": false
                  }
                ]
              },
              {
                "category": "csi-azurefile-controller",
                "category_group": "",
                "retention_policy": [
                  {
                    "days": 0,
                    "enabled": false
                  }
                ]
              },
              {
                "category": "csi-snapshot-controller",
                "category_group": "",
                "retention_policy": [
                  {
                    "days": 0,
                    "enabled": false
                  }
                ]
              },
              {
                "category": "guard",
                "category_group": "",
                "retention_policy": [
                  {
                    "days": 0,
                    "enabled": false
                  }
                ]
              },
              {
                "category": "kube-apiserver",
                "category_group": "",
                "retention_policy": [
                  {
                    "days": 0,
                    "enabled": false
                  }
                ]
              },
              {
                "category": "kube-audit",
                "category_group": "",
                "retention_policy": [
                  {
                    "days": 0,
                    "enabled": false
                  }
                ]
              },
              {
                "category": "kube-audit-admin",
                "category_group": "",
                "retention_policy": [
                  {
                    "days": 0,
                    "enabled": false
                  }
                ]
              },
              {
                "category": "kube-controller-manager",
                "category_group": "",
                "retention_policy": [
                  {
                    "days": 0,
                    "enabled": false
                  }
                ]
              },
              {
                "category": "kube-scheduler",
                "category_group": "",
                "retention_policy": [
                  {
                    "days": 0,
                    "enabled": false
                  }
                ]
              }
            ],
            "eventhub_authorization_rule_id": "",
            "eventhub_name": "",
            "id": "/subscriptions/dcef7009-6b94-4382-afdc-17eb160d709a/resourceGroups/rg-lzaks-spoke-aks-cx-dev/providers/Microsoft.ContainerService/managedClusters/aks-cluster|aks-diagnostic-settings",
            "log_analytics_destination_type": "Dedicated",
            "log_analytics_workspace_id": "/subscriptions/dcef7009-6b94-4382-afdc-17eb160d709a/resourceGroups/rg-lzaks-management/providers/Microsoft.OperationalInsights/workspaces/loganalyticsforaks011",
            "metric": [
              {
                "category": "AllMetrics",
                "enabled": true,
                "retention_policy": [
                  {
                    "days": 0,
                    "enabled": false
                  }
                ]
              }
            ],
            "name": "aks-diagnostic-settings",
            "partner_solution_id": null,
            "storage_account_id": null,
            "target_resource_id": "/subscriptions/dcef7009-6b94-4382-afdc-17eb160d709a/resourceGroups/rg-lzaks-spoke-aks-cx-dev/providers/Microsoft.ContainerService/managedClusters/aks-cluster",
            "timeouts": null
          },
          "sensitive_attributes": [],
          "private": "eyJlMmJmYjczMC1lY2FhLTExZTYtOGY4OC0zNDM2M2JjN2M0YzAiOnsiY3JlYXRlIjoxODAwMDAwMDAwMDAwLCJkZWxldGUiOjM2MDAwMDAwMDAwMDAsInJlYWQiOjMwMDAwMDAwMDAwMCwidXBkYXRlIjoxODAwMDAwMDAwMDAwfX0=",
          "dependencies": [
            "azurerm_resource_group.rg-dev",
            "data.azurerm_client_config.current",
            "data.terraform_remote_state.hub",
            "data.terraform_remote_state.management",
            "data.terraform_remote_state.spoke_aks",
            "module.aks-dev.azurerm_kubernetes_cluster.aks",
            "module.aks-dev.azurerm_role_assignment.contributor",
            "module.aks-dev.azurerm_role_assignment.managed-identity-operator",
            "module.aks-dev.azurerm_role_assignment.network-contributor",
            "module.aks-dev.azurerm_role_assignment.private-dns-zone-contributor",
            "module.aks-dev.azurerm_user_assigned_identity.identity-aks",
            "module.aks-dev.azurerm_user_assigned_identity.identity-kubelet"
          ]
        }
      ]
    },
    {
      "module": "module.aks-dev",
      "mode": "managed",
      "type": "azurerm_role_assignment",
      "name": "acrpull",
      "provider": "provider[\"registry.terraform.io/hashicorp/azurerm\"]",
      "instances": [
        {
          "schema_version": 0,
          "attributes": {
            "condition": "",
            "condition_version": "",
            "delegated_managed_identity_resource_id": "",
            "description": "",
            "id": "/subscriptions/dcef7009-6b94-4382-afdc-17eb160d709a/resourceGroups/rg-lzaks-spoke-aks-infra/providers/Microsoft.ContainerRegistry/registries/acrforakstf01357/providers/Microsoft.Authorization/roleAssignments/fbec13d6-fa0f-c311-a402-491c894c269a",
            "name": "fbec13d6-fa0f-c311-a402-491c894c269a",
            "principal_id": "469be0d5-b81d-48b6-8153-2772e8350189",
            "principal_type": "ServicePrincipal",
            "role_definition_id": "/subscriptions/dcef7009-6b94-4382-afdc-17eb160d709a/providers/Microsoft.Authorization/roleDefinitions/7f951dda-4ed3-4680-a7ca-43fe172d538d",
            "role_definition_name": "AcrPull",
            "scope": "/subscriptions/dcef7009-6b94-4382-afdc-17eb160d709a/resourceGroups/rg-lzaks-spoke-aks-infra/providers/Microsoft.ContainerRegistry/registries/acrforakstf01357",
            "skip_service_principal_aad_check": true,
            "timeouts": null
          },
          "sensitive_attributes": [],
          "private": "eyJlMmJmYjczMC1lY2FhLTExZTYtOGY4OC0zNDM2M2JjN2M0YzAiOnsiY3JlYXRlIjoxODAwMDAwMDAwMDAwLCJkZWxldGUiOjE4MDAwMDAwMDAwMDAsInJlYWQiOjMwMDAwMDAwMDAwMH19",
          "dependencies": [
            "azurerm_resource_group.rg-dev",
            "data.terraform_remote_state.spoke_aks",
            "module.aks-dev.azurerm_user_assigned_identity.identity-kubelet"
          ]
        }
      ]
    },
    {
      "module": "module.aks-dev",
      "mode": "managed",
      "type": "azurerm_role_assignment",
      "name": "azure-kubernetes-service-rbac-cluster-admin",
      "provider": "provider[\"registry.terraform.io/hashicorp/azurerm\"]",
      "instances": [
        {
          "schema_version": 0,
          "attributes": {
            "condition": "",
            "condition_version": "",
            "delegated_managed_identity_resource_id": "",
            "description": "",
            "id": "/subscriptions/dcef7009-6b94-4382-afdc-17eb160d709a/resourceGroups/rg-lzaks-spoke-aks-cx-dev/providers/Microsoft.ContainerService/managedClusters/aks-cluster/providers/Microsoft.Authorization/roleAssignments/a2651341-fb38-0eb2-09f6-4d9644fcc043",
            "name": "a2651341-fb38-0eb2-09f6-4d9644fcc043",
            "principal_id": "b591b75b-2e44-498f-868f-8acd5e1cc1df",
            "principal_type": "Group",
            "role_definition_id": "/subscriptions/dcef7009-6b94-4382-afdc-17eb160d709a/providers/Microsoft.Authorization/roleDefinitions/b1ff04bb-8a4e-4dc4-8eb5-8693973ce19b",
            "role_definition_name": "Azure Kubernetes Service RBAC Cluster Admin",
            "scope": "/subscriptions/dcef7009-6b94-4382-afdc-17eb160d709a/resourceGroups/rg-lzaks-spoke-aks-cx-dev/providers/Microsoft.ContainerService/managedClusters/aks-cluster",
            "skip_service_principal_aad_check": true,
            "timeouts": null
          },
          "sensitive_attributes": [],
          "private": "eyJlMmJmYjczMC1lY2FhLTExZTYtOGY4OC0zNDM2M2JjN2M0YzAiOnsiY3JlYXRlIjoxODAwMDAwMDAwMDAwLCJkZWxldGUiOjE4MDAwMDAwMDAwMDAsInJlYWQiOjMwMDAwMDAwMDAwMH19",
          "dependencies": [
            "azuread_group.aks_admins",
            "azurerm_resource_group.rg-dev",
            "data.azurerm_client_config.current",
            "data.terraform_remote_state.hub",
            "data.terraform_remote_state.management",
            "data.terraform_remote_state.spoke_aks",
            "module.aks-dev.azurerm_kubernetes_cluster.aks",
            "module.aks-dev.azurerm_role_assignment.contributor",
            "module.aks-dev.azurerm_role_assignment.managed-identity-operator",
            "module.aks-dev.azurerm_role_assignment.network-contributor",
            "module.aks-dev.azurerm_role_assignment.private-dns-zone-contributor",
            "module.aks-dev.azurerm_user_assigned_identity.identity-aks",
            "module.aks-dev.azurerm_user_assigned_identity.identity-kubelet"
          ]
        }
      ]
    },
    {
      "module": "module.aks-dev",
      "mode": "managed",
      "type": "azurerm_role_assignment",
      "name": "contributor",
      "provider": "provider[\"registry.terraform.io/hashicorp/azurerm\"]",
      "instances": [
        {
          "schema_version": 0,
          "attributes": {
            "condition": "",
            "condition_version": "",
            "delegated_managed_identity_resource_id": "",
            "description": "",
            "id": "/subscriptions/dcef7009-6b94-4382-afdc-17eb160d709a/resourceGroups/rg-lzaks-spoke-aks-cx-dev/providers/Microsoft.Authorization/roleAssignments/a3e3c1f7-1f4b-87c3-72c3-1883940c572c",
            "name": "a3e3c1f7-1f4b-87c3-72c3-1883940c572c",
            "principal_id": "9430b5e2-da76-4417-9bdd-d762771b3a9d",
            "principal_type": "ServicePrincipal",
            "role_definition_id": "/subscriptions/dcef7009-6b94-4382-afdc-17eb160d709a/providers/Microsoft.Authorization/roleDefinitions/b24988ac-6180-42a0-ab88-20f7382dd24c",
            "role_definition_name": "Contributor",
            "scope": "/subscriptions/dcef7009-6b94-4382-afdc-17eb160d709a/resourceGroups/rg-lzaks-spoke-aks-cx-dev",
            "skip_service_principal_aad_check": true,
            "timeouts": null
          },
          "sensitive_attributes": [],
          "private": "eyJlMmJmYjczMC1lY2FhLTExZTYtOGY4OC0zNDM2M2JjN2M0YzAiOnsiY3JlYXRlIjoxODAwMDAwMDAwMDAwLCJkZWxldGUiOjE4MDAwMDAwMDAwMDAsInJlYWQiOjMwMDAwMDAwMDAwMH19",
          "dependencies": [
            "azurerm_resource_group.rg-dev",
            "module.aks-dev.azurerm_user_assigned_identity.identity-aks"
          ]
        }
      ]
    },
    {
      "module": "module.aks-dev",
      "mode": "managed",
      "type": "azurerm_role_assignment",
      "name": "managed-identity-operator",
      "provider": "provider[\"registry.terraform.io/hashicorp/azurerm\"]",
      "instances": [
        {
          "schema_version": 0,
          "attributes": {
            "condition": "",
            "condition_version": "",
            "delegated_managed_identity_resource_id": "",
            "description": "",
            "id": "/subscriptions/dcef7009-6b94-4382-afdc-17eb160d709a/resourceGroups/rg-lzaks-spoke-aks-cx-dev/providers/Microsoft.ManagedIdentity/userAssignedIdentities/identity-kubelet/providers/Microsoft.Authorization/roleAssignments/41df33fe-efbf-8caf-7f8c-127857c84abc",
            "name": "41df33fe-efbf-8caf-7f8c-127857c84abc",
            "principal_id": "9430b5e2-da76-4417-9bdd-d762771b3a9d",
            "principal_type": "ServicePrincipal",
            "role_definition_id": "/subscriptions/dcef7009-6b94-4382-afdc-17eb160d709a/providers/Microsoft.Authorization/roleDefinitions/f1a07417-d97a-45cb-824c-7a7467783830",
            "role_definition_name": "Managed Identity Operator",
            "scope": "/subscriptions/dcef7009-6b94-4382-afdc-17eb160d709a/resourceGroups/rg-lzaks-spoke-aks-cx-dev/providers/Microsoft.ManagedIdentity/userAssignedIdentities/identity-kubelet",
            "skip_service_principal_aad_check": true,
            "timeouts": null
          },
          "sensitive_attributes": [],
          "private": "eyJlMmJmYjczMC1lY2FhLTExZTYtOGY4OC0zNDM2M2JjN2M0YzAiOnsiY3JlYXRlIjoxODAwMDAwMDAwMDAwLCJkZWxldGUiOjE4MDAwMDAwMDAwMDAsInJlYWQiOjMwMDAwMDAwMDAwMH19",
          "dependencies": [
            "azurerm_resource_group.rg-dev",
            "module.aks-dev.azurerm_user_assigned_identity.identity-aks",
            "module.aks-dev.azurerm_user_assigned_identity.identity-kubelet"
          ]
        }
      ]
    },
    {
      "module": "module.aks-dev",
      "mode": "managed",
      "type": "azurerm_role_assignment",
      "name": "network-contributor",
      "provider": "provider[\"registry.terraform.io/hashicorp/azurerm\"]",
      "instances": [
        {
          "schema_version": 0,
          "attributes": {
            "condition": "",
            "condition_version": "",
            "delegated_managed_identity_resource_id": "",
            "description": "",
            "id": "/subscriptions/dcef7009-6b94-4382-afdc-17eb160d709a/resourceGroups/rg-lzaks-spoke-aks-infra/providers/Microsoft.Network/virtualNetworks/vnet-spoke-aks/providers/Microsoft.Authorization/roleAssignments/d35648a5-336a-f50a-da86-a97b65265801",
            "name": "d35648a5-336a-f50a-da86-a97b65265801",
            "principal_id": "9430b5e2-da76-4417-9bdd-d762771b3a9d",
            "principal_type": "ServicePrincipal",
            "role_definition_id": "/subscriptions/dcef7009-6b94-4382-afdc-17eb160d709a/providers/Microsoft.Authorization/roleDefinitions/4d97b98b-1d4f-4787-a291-c67834d212e7",
            "role_definition_name": "Network Contributor",
            "scope": "/subscriptions/dcef7009-6b94-4382-afdc-17eb160d709a/resourceGroups/rg-lzaks-spoke-aks-infra/providers/Microsoft.Network/virtualNetworks/vnet-spoke-aks",
            "skip_service_principal_aad_check": true,
            "timeouts": null
          },
          "sensitive_attributes": [],
          "private": "eyJlMmJmYjczMC1lY2FhLTExZTYtOGY4OC0zNDM2M2JjN2M0YzAiOnsiY3JlYXRlIjoxODAwMDAwMDAwMDAwLCJkZWxldGUiOjE4MDAwMDAwMDAwMDAsInJlYWQiOjMwMDAwMDAwMDAwMH19",
          "dependencies": [
            "azurerm_resource_group.rg-dev",
            "data.terraform_remote_state.spoke_aks",
            "module.aks-dev.azurerm_user_assigned_identity.identity-aks"
          ]
        }
      ]
    },
    {
      "module": "module.aks-dev",
      "mode": "managed",
      "type": "azurerm_role_assignment",
      "name": "private-dns-zone-contributor",
      "provider": "provider[\"registry.terraform.io/hashicorp/azurerm\"]",
      "instances": [
        {
          "schema_version": 0,
          "attributes": {
            "condition": "",
            "condition_version": "",
            "delegated_managed_identity_resource_id": "",
            "description": "",
            "id": "/subscriptions/dcef7009-6b94-4382-afdc-17eb160d709a/resourceGroups/rg-lzaks-hub/providers/Microsoft.Network/privateDnsZones/privatelink.swedencentral.azmk8s.io/providers/Microsoft.Authorization/roleAssignments/2668183f-81ac-c066-8c83-74b6ee97e1c7",
            "name": "2668183f-81ac-c066-8c83-74b6ee97e1c7",
            "principal_id": "9430b5e2-da76-4417-9bdd-d762771b3a9d",
            "principal_type": "ServicePrincipal",
            "role_definition_id": "/subscriptions/dcef7009-6b94-4382-afdc-17eb160d709a/providers/Microsoft.Authorization/roleDefinitions/b12aa53e-6015-4669-85d0-8515ebb3ae7f",
            "role_definition_name": "Private DNS Zone Contributor",
            "scope": "/subscriptions/dcef7009-6b94-4382-afdc-17eb160d709a/resourceGroups/rg-lzaks-hub/providers/Microsoft.Network/privateDnsZones/privatelink.swedencentral.azmk8s.io",
            "skip_service_principal_aad_check": true,
            "timeouts": null
          },
          "sensitive_attributes": [],
          "private": "eyJlMmJmYjczMC1lY2FhLTExZTYtOGY4OC0zNDM2M2JjN2M0YzAiOnsiY3JlYXRlIjoxODAwMDAwMDAwMDAwLCJkZWxldGUiOjE4MDAwMDAwMDAwMDAsInJlYWQiOjMwMDAwMDAwMDAwMH19",
          "dependencies": [
            "azurerm_resource_group.rg-dev",
            "data.terraform_remote_state.hub",
            "module.aks-dev.azurerm_user_assigned_identity.identity-aks"
          ]
        }
      ]
    },
    {
      "module": "module.aks-dev",
      "mode": "managed",
      "type": "azurerm_user_assigned_identity",
      "name": "identity-aks",
      "provider": "provider[\"registry.terraform.io/hashicorp/azurerm\"]",
      "instances": [
        {
          "schema_version": 1,
          "attributes": {
            "client_id": "4b357f8f-7990-4334-a705-24b11917d155",
            "id": "/subscriptions/dcef7009-6b94-4382-afdc-17eb160d709a/resourceGroups/rg-lzaks-spoke-aks-cx-dev/providers/Microsoft.ManagedIdentity/userAssignedIdentities/identity-aks",
            "location": "swedencentral",
            "name": "identity-aks",
            "principal_id": "9430b5e2-da76-4417-9bdd-d762771b3a9d",
            "resource_group_name": "rg-lzaks-spoke-aks-cx-dev",
            "tags": {
              "architecture": "Hub\u0026Spoke",
              "environment": "development",
              "source": "terraform"
            },
            "tenant_id": "93139d1e-a3c1-4d78-9ed5-878be090eba4",
            "timeouts": null
          },
          "sensitive_attributes": [],
          "private": "eyJlMmJmYjczMC1lY2FhLTExZTYtOGY4OC0zNDM2M2JjN2M0YzAiOnsiY3JlYXRlIjoxODAwMDAwMDAwMDAwLCJkZWxldGUiOjE4MDAwMDAwMDAwMDAsInJlYWQiOjMwMDAwMDAwMDAwMCwidXBkYXRlIjoxODAwMDAwMDAwMDAwfSwic2NoZW1hX3ZlcnNpb24iOiIxIn0=",
          "dependencies": [
            "azurerm_resource_group.rg-dev"
          ]
        }
      ]
    },
    {
      "module": "module.aks-dev",
      "mode": "managed",
      "type": "azurerm_user_assigned_identity",
      "name": "identity-kubelet",
      "provider": "provider[\"registry.terraform.io/hashicorp/azurerm\"]",
      "instances": [
        {
          "schema_version": 1,
          "attributes": {
            "client_id": "cac6630d-fae6-4c16-bc97-1c010a7fe8cb",
            "id": "/subscriptions/dcef7009-6b94-4382-afdc-17eb160d709a/resourceGroups/rg-lzaks-spoke-aks-cx-dev/providers/Microsoft.ManagedIdentity/userAssignedIdentities/identity-kubelet",
            "location": "swedencentral",
            "name": "identity-kubelet",
            "principal_id": "469be0d5-b81d-48b6-8153-2772e8350189",
            "resource_group_name": "rg-lzaks-spoke-aks-cx-dev",
            "tags": {
              "architecture": "Hub\u0026Spoke",
              "environment": "development",
              "source": "terraform"
            },
            "tenant_id": "93139d1e-a3c1-4d78-9ed5-878be090eba4",
            "timeouts": null
          },
          "sensitive_attributes": [],
          "private": "eyJlMmJmYjczMC1lY2FhLTExZTYtOGY4OC0zNDM2M2JjN2M0YzAiOnsiY3JlYXRlIjoxODAwMDAwMDAwMDAwLCJkZWxldGUiOjE4MDAwMDAwMDAwMDAsInJlYWQiOjMwMDAwMDAwMDAwMCwidXBkYXRlIjoxODAwMDAwMDAwMDAwfSwic2NoZW1hX3ZlcnNpb24iOiIxIn0=",
          "dependencies": [
            "azurerm_resource_group.rg-dev"
          ]
        }
      ]
    },
    {
      "module": "module.aks-prod",
      "mode": "managed",
      "type": "azurerm_kubernetes_cluster",
      "name": "aks",
      "provider": "provider[\"registry.terraform.io/hashicorp/azurerm\"]",
      "instances": [
        {
          "schema_version": 2,
          "attributes": {
            "aci_connector_linux": [],
            "api_server_access_profile": [],
            "auto_scaler_profile": [
              {
                "balance_similar_node_groups": false,
                "daemonset_eviction_for_empty_nodes_enabled": false,
                "daemonset_eviction_for_occupied_nodes_enabled": true,
                "empty_bulk_delete_max": "10",
                "expander": "random",
                "ignore_daemonsets_utilization_enabled": false,
                "max_graceful_termination_sec": "600",
                "max_node_provisioning_time": "15m",
                "max_unready_nodes": 3,
                "max_unready_percentage": 45,
                "new_pod_scale_up_delay": "10s",
                "scale_down_delay_after_add": "10m",
                "scale_down_delay_after_delete": "10s",
                "scale_down_delay_after_failure": "3m",
                "scale_down_unneeded": "10m",
                "scale_down_unready": "20m",
                "scale_down_utilization_threshold": "0.5",
                "scan_interval": "10s",
                "skip_nodes_with_local_storage": true,
                "skip_nodes_with_system_pods": true
              }
            ],
            "automatic_upgrade_channel": "node-image",
            "azure_active_directory_role_based_access_control": [
              {
                "admin_group_object_ids": [],
                "azure_rbac_enabled": true,
                "tenant_id": "93139d1e-a3c1-4d78-9ed5-878be090eba4"
              }
            ],
            "azure_policy_enabled": true,
            "confidential_computing": [],
            "cost_analysis_enabled": false,
            "current_kubernetes_version": "1.31.3",
            "default_node_pool": [
              {
                "auto_scaling_enabled": true,
                "capacity_reservation_group_id": "",
                "fips_enabled": false,
                "gpu_instance": "",
                "host_encryption_enabled": false,
                "host_group_id": "",
                "kubelet_config": [],
                "kubelet_disk_type": "OS",
                "linux_os_config": [],
                "max_count": 5,
                "max_pods": 110,
                "min_count": 2,
                "name": "systemnp",
                "node_count": 3,
                "node_labels": {},
                "node_network_profile": [],
                "node_public_ip_enabled": false,
                "node_public_ip_prefix_id": "",
                "only_critical_addons_enabled": true,
                "orchestrator_version": "1.31.3",
                "os_disk_size_gb": 128,
                "os_disk_type": "Managed",
                "os_sku": "Ubuntu",
                "pod_subnet_id": "",
                "proximity_placement_group_id": "",
                "scale_down_mode": "Deallocate",
                "snapshot_id": "",
                "tags": {
                  "architecture": "Hub\u0026Spoke",
                  "environment": "development",
                  "source": "terraform"
                },
                "temporary_name_for_rotation": "sysnptmp",
                "type": "VirtualMachineScaleSets",
                "ultra_ssd_enabled": false,
                "upgrade_settings": [
                  {
                    "drain_timeout_in_minutes": 0,
                    "max_surge": "10%",
                    "node_soak_duration_in_minutes": 0
                  }
                ],
                "vm_size": "Standard_D2s_v5",
                "vnet_subnet_id": "/subscriptions/dcef7009-6b94-4382-afdc-17eb160d709a/resourceGroups/rg-lzaks-spoke-aks-infra/providers/Microsoft.Network/virtualNetworks/vnet-spoke-aks/subnets/snet-aks",
                "workload_runtime": "OCIContainer",
                "zones": [
                  "1",
                  "2",
                  "3"
                ]
              }
            ],
            "disk_encryption_set_id": "",
            "dns_prefix": "aks",
            "dns_prefix_private_cluster": "",
            "edge_zone": "",
            "fqdn": "",
            "http_application_routing_enabled": false,
            "http_application_routing_zone_name": "",
            "http_proxy_config": [],
            "id": "/subscriptions/dcef7009-6b94-4382-afdc-17eb160d709a/resourceGroups/rg-lzaks-spoke-aks-cx-prod/providers/Microsoft.ContainerService/managedClusters/aks-cluster",
            "identity": [
              {
                "identity_ids": [
                  "/subscriptions/dcef7009-6b94-4382-afdc-17eb160d709a/resourceGroups/rg-lzaks-spoke-aks-cx-prod/providers/Microsoft.ManagedIdentity/userAssignedIdentities/identity-aks"
                ],
                "principal_id": "",
                "tenant_id": "",
                "type": "UserAssigned"
              }
            ],
            "image_cleaner_enabled": true,
            "image_cleaner_interval_hours": 24,
            "ingress_application_gateway": [],
            "key_management_service": [],
            "key_vault_secrets_provider": [
              {
                "secret_identity": [
                  {
                    "client_id": "8a9593dc-cbcf-4535-a267-eb52a7e475fe",
                    "object_id": "4b5be68a-5836-4de2-94ca-e4f63381fb41",
                    "user_assigned_identity_id": "/subscriptions/dcef7009-6b94-4382-afdc-17eb160d709a/resourcegroups/rg-lzaks-spoke-aks-cx-prod-nodes/providers/Microsoft.ManagedIdentity/userAssignedIdentities/azurekeyvaultsecretsprovider-aks-cluster"
                  }
                ],
                "secret_rotation_enabled": true,
                "secret_rotation_interval": "2m"
              }
            ],
            "kube_admin_config": [],
            "kube_admin_config_raw": "",
            "kube_config": [
              {
                "client_certificate": "",
                "client_key": "",
                "cluster_ca_certificate": "LS0tLS1CRUdJTiBDRVJUSUZJQ0FURS0tLS0tCk1JSUU2VENDQXRHZ0F3SUJBZ0lSQU15TmZNUk9JVzB4a2pLUDUrUlU0S3N3RFFZSktvWklodmNOQVFFTEJRQXcKRFRFTE1Ba0dBMVVFQXhNQ1kyRXdJQmNOTWpVd01USXpNRFkxTkRBNVdoZ1BNakExTlRBeE1qTXdOekEwTURsYQpNQTB4Q3pBSkJnTlZCQU1UQW1OaE1JSUNJakFOQmdrcWhraUc5dzBCQVFFRkFBT0NBZzhBTUlJQ0NnS0NBZ0VBCjM4YjlxbmdDZ3N6MlNVVkxtSFNya0NjaDVod05XOXYrR1BEQUNITEhseXcwY25BbnRmKzZ1RStoTm0xcjM5ZVYKRGtvcEVMY0tiNFNYdktqSUQxVHp0RUgvN285aE8yQ0pONUhrdWJ5VkR3UzZLd0p0QkZscGJOaS9PMnpwTUJadQpmV1JCUmYwcmJseE9xQ3ZwVEF4cnVGeXYxS2tjVmZsZjB1MlZFbklDQXBDNExpWWV6SFdWVS9XZVRMSE9Zdy91CkZSUHBPSngxOUNUbjhqWFFmbCtmam8rUEl4Z0xuTVp6ZUMzL3pZR2JiN016THZiK3EveXFOQ0tGYTJpN2JhcU4KdHNzVW84VzQyVUhKY3htcFNHQjROU2toSFlUZkZFUHB1NnEybElHc2dOaURiZXc2clhvZnZMMWVOQ0NqOVo4KwpPZ3d2M09vSEptVGR3TCs0eTRjR00rQjlwbXlTSlc2YUMxY3ZyVFBrcDh1S0Y1RldTeHRnc2VlTWNWQ3dCcEt1Cnpadjh6NEZuZDM2Zis1MmQ4YU5xVjhsS1Jzc1llMWJ3Tk81Q0k1aGtJaXZ2akEwckdjdFFjY1ZsamVVQlhlOEoKYW5iYTI0Q2VhTG85MWMxd2JLUVRpUGovdWhBZ21IdDBGN2o2ZlBtZDFOMGJPUW5kcHpFZmo1SmpBTTdhbmpHaQppR3FoOHBnSEg0VnN3SXhZRFdoQlJPVithbWtQcWtQdEg4ZG1qdHUwM3B1ZlBGUUp6TGVPUUJwU2FvNktWcHlUCmlTbmNwSkx3bTlSNS8wNytZNU55OEJsZGczV3F3L1poUm9jakVRZDJsU1A1SEc4S0pXVHcvTkZ3NzRSbFJRQmcKSEhqK2RGZXNiRWwyaW5IbitzdkprMnBmZVJ4b0YwUTI2ZkozaXJ6K1NGTUNBd0VBQWFOQ01FQXdEZ1lEVlIwUApBUUgvQkFRREFnS2tNQThHQTFVZEV3RUIvd1FGTUFNQkFmOHdIUVlEVlIwT0JCWUVGSW1DcHJVa2s0WHlVTEpnCkFNQVB4QUpuSFpvTU1BMEdDU3FHU0liM0RRRUJDd1VBQTRJQ0FRQVhkWlBHc0VvbUcrZ0lzbWhrdGRPcUh3M04Ka1N6cGp2T2o4dHV4Qm5TajdvSmFya2U3VkZCa0RiUkxLaSt6MEU1dU5CYmF2cEhlVGVWN2hRRzJIQlRwdk9ITgowRTBFOGoreUFNbnNXZ0p6ZjROUUtScEhoYjNQZFdUa2ZkSUsvNXgySlc4cWU2TFNEM3pORkRtUHI3eWVjT29oCitXUXNwcm1FaXdmeWlNampBZGVaeTBPRTdoc3M2d0lsMXhiZUZ0cW5wd25XMnBoQXN4NWl0Z1QyUVVBdUtmRSsKVlBIYk9wR1hCWVc3VGdyWmVWcHlrNnZ2bjdNVmZVaTVDclovQTJtUEdiZUdMV0JnMkNXaldxbVJiM3NUWXM1bgpIVWl0ZnB4THBlWU02U2lhQXZ6bHIrcFpNYmttNWh5U20raUhkUXdBTUhoYlhZendGTjBXVkxnRHZtRGNGZEU5CndkTnZhSXF3NTAyV0NxRzN1cTk0RzZWRktPWlU3OS9kQ1Fqcy8xeTRTQ3JreC9xMnIwRlhYNDA0L2FhVjVTdTYKUzBsN3g1STA4T2hDdmFFSUVpMDhhbHB1SFZvdFlRL21mK1NGemFUVklDZFVmdldEbkUrTTRKVGJzQ0dFcS9qWgpOZUg5TytqeEdUWkpIdE5wbkZ3TkJDV0x6ZCtSM3p1WjVoZDdGUWFQSVpHeVVoUW5tV1VWdmFwYWpKdDBCSjJnCkJTd0lJTHR3NnVuSHpvbjJ0MDhQSmtvYUdIMEVyZUJ2dWQzNzUwNS9CQmhjdVpESFdpWWhBbnkwZVZwL3hHd0YKaWl2UkVSdGpEaFE2MXEvakpKbUhTTG04Q2k3cTVXaWlnSmErU1M2YVlNbzNqVnFaaUlENThoQVQyN3FBcEFWZworc0NLd0djRVVsaDNPeTdQZEE9PQotLS0tLUVORCBDRVJUSUZJQ0FURS0tLS0tCg==",
                "host": "https://aks-quzxu3pe.privatelink.swedencentral.azmk8s.io:443",
                "password": "",
                "username": "clusterUser_rg-lzaks-spoke-aks-cx-prod_aks-cluster"
              }
            ],
            "kube_config_raw": "apiVersion: v1\nclusters:\n- cluster:\n    certificate-authority-data: LS0tLS1CRUdJTiBDRVJUSUZJQ0FURS0tLS0tCk1JSUU2VENDQXRHZ0F3SUJBZ0lSQU15TmZNUk9JVzB4a2pLUDUrUlU0S3N3RFFZSktvWklodmNOQVFFTEJRQXcKRFRFTE1Ba0dBMVVFQXhNQ1kyRXdJQmNOTWpVd01USXpNRFkxTkRBNVdoZ1BNakExTlRBeE1qTXdOekEwTURsYQpNQTB4Q3pBSkJnTlZCQU1UQW1OaE1JSUNJakFOQmdrcWhraUc5dzBCQVFFRkFBT0NBZzhBTUlJQ0NnS0NBZ0VBCjM4YjlxbmdDZ3N6MlNVVkxtSFNya0NjaDVod05XOXYrR1BEQUNITEhseXcwY25BbnRmKzZ1RStoTm0xcjM5ZVYKRGtvcEVMY0tiNFNYdktqSUQxVHp0RUgvN285aE8yQ0pONUhrdWJ5VkR3UzZLd0p0QkZscGJOaS9PMnpwTUJadQpmV1JCUmYwcmJseE9xQ3ZwVEF4cnVGeXYxS2tjVmZsZjB1MlZFbklDQXBDNExpWWV6SFdWVS9XZVRMSE9Zdy91CkZSUHBPSngxOUNUbjhqWFFmbCtmam8rUEl4Z0xuTVp6ZUMzL3pZR2JiN016THZiK3EveXFOQ0tGYTJpN2JhcU4KdHNzVW84VzQyVUhKY3htcFNHQjROU2toSFlUZkZFUHB1NnEybElHc2dOaURiZXc2clhvZnZMMWVOQ0NqOVo4KwpPZ3d2M09vSEptVGR3TCs0eTRjR00rQjlwbXlTSlc2YUMxY3ZyVFBrcDh1S0Y1RldTeHRnc2VlTWNWQ3dCcEt1Cnpadjh6NEZuZDM2Zis1MmQ4YU5xVjhsS1Jzc1llMWJ3Tk81Q0k1aGtJaXZ2akEwckdjdFFjY1ZsamVVQlhlOEoKYW5iYTI0Q2VhTG85MWMxd2JLUVRpUGovdWhBZ21IdDBGN2o2ZlBtZDFOMGJPUW5kcHpFZmo1SmpBTTdhbmpHaQppR3FoOHBnSEg0VnN3SXhZRFdoQlJPVithbWtQcWtQdEg4ZG1qdHUwM3B1ZlBGUUp6TGVPUUJwU2FvNktWcHlUCmlTbmNwSkx3bTlSNS8wNytZNU55OEJsZGczV3F3L1poUm9jakVRZDJsU1A1SEc4S0pXVHcvTkZ3NzRSbFJRQmcKSEhqK2RGZXNiRWwyaW5IbitzdkprMnBmZVJ4b0YwUTI2ZkozaXJ6K1NGTUNBd0VBQWFOQ01FQXdEZ1lEVlIwUApBUUgvQkFRREFnS2tNQThHQTFVZEV3RUIvd1FGTUFNQkFmOHdIUVlEVlIwT0JCWUVGSW1DcHJVa2s0WHlVTEpnCkFNQVB4QUpuSFpvTU1BMEdDU3FHU0liM0RRRUJDd1VBQTRJQ0FRQVhkWlBHc0VvbUcrZ0lzbWhrdGRPcUh3M04Ka1N6cGp2T2o4dHV4Qm5TajdvSmFya2U3VkZCa0RiUkxLaSt6MEU1dU5CYmF2cEhlVGVWN2hRRzJIQlRwdk9ITgowRTBFOGoreUFNbnNXZ0p6ZjROUUtScEhoYjNQZFdUa2ZkSUsvNXgySlc4cWU2TFNEM3pORkRtUHI3eWVjT29oCitXUXNwcm1FaXdmeWlNampBZGVaeTBPRTdoc3M2d0lsMXhiZUZ0cW5wd25XMnBoQXN4NWl0Z1QyUVVBdUtmRSsKVlBIYk9wR1hCWVc3VGdyWmVWcHlrNnZ2bjdNVmZVaTVDclovQTJtUEdiZUdMV0JnMkNXaldxbVJiM3NUWXM1bgpIVWl0ZnB4THBlWU02U2lhQXZ6bHIrcFpNYmttNWh5U20raUhkUXdBTUhoYlhZendGTjBXVkxnRHZtRGNGZEU5CndkTnZhSXF3NTAyV0NxRzN1cTk0RzZWRktPWlU3OS9kQ1Fqcy8xeTRTQ3JreC9xMnIwRlhYNDA0L2FhVjVTdTYKUzBsN3g1STA4T2hDdmFFSUVpMDhhbHB1SFZvdFlRL21mK1NGemFUVklDZFVmdldEbkUrTTRKVGJzQ0dFcS9qWgpOZUg5TytqeEdUWkpIdE5wbkZ3TkJDV0x6ZCtSM3p1WjVoZDdGUWFQSVpHeVVoUW5tV1VWdmFwYWpKdDBCSjJnCkJTd0lJTHR3NnVuSHpvbjJ0MDhQSmtvYUdIMEVyZUJ2dWQzNzUwNS9CQmhjdVpESFdpWWhBbnkwZVZwL3hHd0YKaWl2UkVSdGpEaFE2MXEvakpKbUhTTG04Q2k3cTVXaWlnSmErU1M2YVlNbzNqVnFaaUlENThoQVQyN3FBcEFWZworc0NLd0djRVVsaDNPeTdQZEE9PQotLS0tLUVORCBDRVJUSUZJQ0FURS0tLS0tCg==\n    server: https://aks-quzxu3pe.privatelink.swedencentral.azmk8s.io:443\n  name: aks-cluster\ncontexts:\n- context:\n    cluster: aks-cluster\n    user: clusterUser_rg-lzaks-spoke-aks-cx-prod_aks-cluster\n  name: aks-cluster\ncurrent-context: aks-cluster\nkind: Config\npreferences: {}\nusers:\n- name: clusterUser_rg-lzaks-spoke-aks-cx-prod_aks-cluster\n  user:\n    exec:\n      apiVersion: client.authentication.k8s.io/v1beta1\n      args:\n      - get-token\n      - --environment\n      - AzurePublicCloud\n      - --server-id\n      - 6dae42f8-4368-4678-94ff-3960e28e3630\n      - --client-id\n      - 80faf920-1908-4b52-b5ef-a8e7bedfc67a\n      - --tenant-id\n      - 93139d1e-a3c1-4d78-9ed5-878be090eba4\n      - --login\n      - devicecode\n      command: kubelogin\n      env: null\n      installHint: |2\n\n        kubelogin is not installed which is required to connect to AAD enabled cluster.\n\n        To learn more, please go to https://aka.ms/aks/kubelogin\n      provideClusterInfo: false\n",
            "kubelet_identity": [
              {
                "client_id": "13900e9e-471f-4b91-bf02-225b5c84151c",
                "object_id": "441d1827-89da-4559-9028-d03d78464c41",
                "user_assigned_identity_id": "/subscriptions/dcef7009-6b94-4382-afdc-17eb160d709a/resourceGroups/rg-lzaks-spoke-aks-cx-prod/providers/Microsoft.ManagedIdentity/userAssignedIdentities/identity-kubelet"
              }
            ],
            "kubernetes_version": "1.31.3",
            "linux_profile": [],
            "local_account_disabled": true,
            "location": "swedencentral",
            "maintenance_window": [
              {
                "allowed": [
                  {
                    "day": "Saturday",
                    "hours": [
                      2,
                      8
                    ]
                  }
                ],
                "not_allowed": []
              }
            ],
            "maintenance_window_auto_upgrade": [
              {
                "day_of_month": 0,
                "day_of_week": "Monday",
                "duration": 9,
                "frequency": "Weekly",
                "interval": 1,
                "not_allowed": [
                  {
                    "end": "2025-01-02T00:00:00Z",
                    "start": "2025-01-01T00:00:00Z"
                  }
                ],
                "start_date": "2025-01-01T00:00:00Z",
                "start_time": "02:00",
                "utc_offset": "+01:00",
                "week_index": ""
              }
            ],
            "maintenance_window_node_os": [
              {
                "day_of_month": 0,
                "day_of_week": "Monday",
                "duration": 9,
                "frequency": "Weekly",
                "interval": 1,
                "not_allowed": [
                  {
                    "end": "2025-01-02T00:00:00Z",
                    "start": "2025-01-01T00:00:00Z"
                  }
                ],
                "start_date": "2025-01-01T00:00:00Z",
                "start_time": "02:00",
                "utc_offset": "+01:00",
                "week_index": ""
              }
            ],
            "microsoft_defender": [],
            "monitor_metrics": [
              {
                "annotations_allowed": "",
                "labels_allowed": ""
              }
            ],
            "name": "aks-cluster",
            "network_profile": [
              {
                "dns_service_ip": "10.0.0.10",
                "ip_versions": [
                  "IPv4"
                ],
                "load_balancer_profile": [
                  {
                    "backend_pool_type": "NodeIPConfiguration",
                    "effective_outbound_ips": [],
                    "idle_timeout_in_minutes": 0,
                    "managed_outbound_ip_count": 0,
                    "managed_outbound_ipv6_count": 0,
                    "outbound_ip_address_ids": [],
                    "outbound_ip_prefix_ids": [],
                    "outbound_ports_allocated": 0
                  }
                ],
                "load_balancer_sku": "standard",
                "nat_gateway_profile": [],
                "network_data_plane": "cilium",
                "network_mode": "",
                "network_plugin": "azure",
                "network_plugin_mode": "overlay",
                "network_policy": "cilium",
                "outbound_type": "userDefinedRouting",
                "pod_cidr": "10.10.240.0/20",
                "pod_cidrs": [
                  "10.10.240.0/20"
                ],
                "service_cidr": "10.0.0.0/16",
                "service_cidrs": [
                  "10.0.0.0/16"
                ]
              }
            ],
            "node_os_upgrade_channel": "NodeImage",
            "node_resource_group": "rg-lzaks-spoke-aks-cx-prod-nodes",
            "node_resource_group_id": "/subscriptions/dcef7009-6b94-4382-afdc-17eb160d709a/resourceGroups/rg-lzaks-spoke-aks-cx-prod-nodes",
            "oidc_issuer_enabled": true,
            "oidc_issuer_url": "https://swedencentral.oic.prod-aks.azure.com/93139d1e-a3c1-4d78-9ed5-878be090eba4/f4f7532e-df47-4a81-a407-e2352a46dea2/",
            "oms_agent": [
              {
                "log_analytics_workspace_id": "/subscriptions/dcef7009-6b94-4382-afdc-17eb160d709a/resourceGroups/rg-lzaks-management/providers/Microsoft.OperationalInsights/workspaces/loganalyticsforaks011",
                "msi_auth_for_monitoring_enabled": true,
                "oms_agent_identity": []
              }
            ],
            "open_service_mesh_enabled": false,
            "portal_fqdn": "b9b6e67f20325c2481b326bac7836710-priv.portal.hcp.swedencentral.azmk8s.io",
            "private_cluster_enabled": true,
            "private_cluster_public_fqdn_enabled": false,
            "private_dns_zone_id": "/subscriptions/dcef7009-6b94-4382-afdc-17eb160d709a/resourceGroups/rg-lzaks-hub/providers/Microsoft.Network/privateDnsZones/privatelink.swedencentral.azmk8s.io",
            "private_fqdn": "aks-quzxu3pe.privatelink.swedencentral.azmk8s.io",
            "resource_group_name": "rg-lzaks-spoke-aks-cx-prod",
            "role_based_access_control_enabled": true,
            "run_command_enabled": false,
            "service_mesh_profile": [],
            "service_principal": [],
            "sku_tier": "Standard",
            "storage_profile": [
              {
                "blob_driver_enabled": true,
                "disk_driver_enabled": true,
                "file_driver_enabled": true,
                "snapshot_controller_enabled": true
              }
            ],
            "support_plan": "KubernetesOfficial",
            "tags": {
              "architecture": "Hub\u0026Spoke",
              "environment": "development",
              "source": "terraform"
            },
            "timeouts": null,
            "web_app_routing": [
              {
                "dns_zone_ids": [],
                "web_app_routing_identity": [
                  {
                    "client_id": "2b231713-64dc-4a17-8214-19db2ea2a9af",
                    "object_id": "ceed87db-cb26-42b5-aea1-1d9105be4cb2",
                    "user_assigned_identity_id": "/subscriptions/dcef7009-6b94-4382-afdc-17eb160d709a/resourcegroups/rg-lzaks-spoke-aks-cx-prod-nodes/providers/Microsoft.ManagedIdentity/userAssignedIdentities/webapprouting-aks-cluster"
                  }
                ]
              }
            ],
            "windows_profile": [
              {
                "admin_password": "",
                "admin_username": "azureuser",
                "gmsa": [],
                "license": ""
              }
            ],
            "workload_autoscaler_profile": [
              {
                "keda_enabled": true,
                "vertical_pod_autoscaler_enabled": false
              }
            ],
            "workload_identity_enabled": true
          },
          "sensitive_attributes": [
            [
              {
                "type": "get_attr",
                "value": "kube_admin_config_raw"
              }
            ],
            [
              {
                "type": "get_attr",
                "value": "kube_admin_config"
              }
            ],
            [
              {
                "type": "get_attr",
                "value": "kube_config"
              }
            ],
            [
              {
                "type": "get_attr",
                "value": "windows_profile"
              },
              {
                "type": "index",
                "value": {
                  "value": 0,
                  "type": "number"
                }
              },
              {
                "type": "get_attr",
                "value": "admin_password"
              }
            ],
            [
              {
                "type": "get_attr",
                "value": "kube_config_raw"
              }
            ]
          ],
          "private": "eyJlMmJmYjczMC1lY2FhLTExZTYtOGY4OC0zNDM2M2JjN2M0YzAiOnsiY3JlYXRlIjo1NDAwMDAwMDAwMDAwLCJkZWxldGUiOjU0MDAwMDAwMDAwMDAsInJlYWQiOjMwMDAwMDAwMDAwMCwidXBkYXRlIjo1NDAwMDAwMDAwMDAwfSwic2NoZW1hX3ZlcnNpb24iOiIyIn0=",
          "dependencies": [
            "azurerm_resource_group.rg-prod",
            "data.azurerm_client_config.current",
            "data.terraform_remote_state.hub",
            "data.terraform_remote_state.management",
            "data.terraform_remote_state.spoke_aks",
            "module.aks-prod.azurerm_role_assignment.contributor",
            "module.aks-prod.azurerm_role_assignment.managed-identity-operator",
            "module.aks-prod.azurerm_role_assignment.network-contributor",
            "module.aks-prod.azurerm_role_assignment.private-dns-zone-contributor",
            "module.aks-prod.azurerm_user_assigned_identity.identity-aks",
            "module.aks-prod.azurerm_user_assigned_identity.identity-kubelet"
          ]
        }
      ]
    },
    {
      "module": "module.aks-prod",
      "mode": "managed",
      "type": "azurerm_kubernetes_cluster_node_pool",
      "name": "poolapps",
      "provider": "provider[\"registry.terraform.io/hashicorp/azurerm\"]",
      "instances": [
        {
          "index_key": "poolappsamd",
          "schema_version": 1,
          "attributes": {
            "auto_scaling_enabled": true,
            "capacity_reservation_group_id": "",
            "eviction_policy": "",
            "fips_enabled": false,
            "gpu_instance": null,
            "host_encryption_enabled": false,
            "host_group_id": "",
            "id": "/subscriptions/dcef7009-6b94-4382-afdc-17eb160d709a/resourceGroups/rg-lzaks-spoke-aks-cx-prod/providers/Microsoft.ContainerService/managedClusters/aks-cluster/agentPools/poolappsamd",
            "kubelet_config": [],
            "kubelet_disk_type": "OS",
            "kubernetes_cluster_id": "/subscriptions/dcef7009-6b94-4382-afdc-17eb160d709a/resourceGroups/rg-lzaks-spoke-aks-cx-prod/providers/Microsoft.ContainerService/managedClusters/aks-cluster",
            "linux_os_config": [],
            "max_count": 3,
            "max_pods": 110,
            "min_count": 1,
            "mode": "User",
            "name": "poolappsamd",
            "node_count": 1,
            "node_labels": {},
            "node_network_profile": [],
            "node_public_ip_enabled": false,
            "node_public_ip_prefix_id": "",
            "node_taints": [],
            "orchestrator_version": "1.31.3",
            "os_disk_size_gb": 60,
            "os_disk_type": "Managed",
            "os_sku": "Ubuntu",
            "os_type": "Linux",
            "pod_subnet_id": "",
            "priority": "Regular",
            "proximity_placement_group_id": "",
            "scale_down_mode": "Delete",
            "snapshot_id": null,
            "spot_max_price": -1,
            "tags": {
              "architecture": "Hub\u0026Spoke",
              "environment": "development",
              "source": "terraform"
            },
            "temporary_name_for_rotation": null,
            "timeouts": null,
            "ultra_ssd_enabled": false,
            "upgrade_settings": [
              {
                "drain_timeout_in_minutes": 0,
                "max_surge": "3",
                "node_soak_duration_in_minutes": 0
              }
            ],
            "vm_size": "Standard_D2s_v5",
            "vnet_subnet_id": "/subscriptions/dcef7009-6b94-4382-afdc-17eb160d709a/resourceGroups/rg-lzaks-spoke-aks-infra/providers/Microsoft.Network/virtualNetworks/vnet-spoke-aks/subnets/snet-aks",
            "windows_profile": [],
            "workload_runtime": "OCIContainer",
            "zones": [
              "1",
              "2",
              "3"
            ]
          },
          "sensitive_attributes": [],
          "private": "eyJlMmJmYjczMC1lY2FhLTExZTYtOGY4OC0zNDM2M2JjN2M0YzAiOnsiY3JlYXRlIjozNjAwMDAwMDAwMDAwLCJkZWxldGUiOjM2MDAwMDAwMDAwMDAsInJlYWQiOjMwMDAwMDAwMDAwMCwidXBkYXRlIjozNjAwMDAwMDAwMDAwfSwic2NoZW1hX3ZlcnNpb24iOiIxIn0=",
          "dependencies": [
            "azurerm_resource_group.rg-prod",
            "data.azurerm_client_config.current",
            "data.terraform_remote_state.hub",
            "data.terraform_remote_state.management",
            "data.terraform_remote_state.spoke_aks",
            "module.aks-prod.azurerm_kubernetes_cluster.aks",
            "module.aks-prod.azurerm_role_assignment.contributor",
            "module.aks-prod.azurerm_role_assignment.managed-identity-operator",
            "module.aks-prod.azurerm_role_assignment.network-contributor",
            "module.aks-prod.azurerm_role_assignment.private-dns-zone-contributor",
            "module.aks-prod.azurerm_user_assigned_identity.identity-aks",
            "module.aks-prod.azurerm_user_assigned_identity.identity-kubelet"
          ]
        }
      ]
    },
    {
      "module": "module.aks-prod",
      "mode": "managed",
      "type": "azurerm_monitor_data_collection_rule_association",
      "name": "dcra-dce-log-analytics-aks",
      "provider": "provider[\"registry.terraform.io/hashicorp/azurerm\"]",
      "instances": [
        {
          "schema_version": 0,
          "attributes": {
            "data_collection_endpoint_id": "/subscriptions/dcef7009-6b94-4382-afdc-17eb160d709a/resourceGroups/rg-lzaks-spoke-aks-cx-monitoring/providers/Microsoft.Insights/dataCollectionEndpoints/dce-log-analytics",
            "data_collection_rule_id": "",
            "description": "",
            "id": "/subscriptions/dcef7009-6b94-4382-afdc-17eb160d709a/resourceGroups/rg-lzaks-spoke-aks-cx-prod/providers/Microsoft.ContainerService/managedClusters/aks-cluster/providers/Microsoft.Insights/dataCollectionRuleAssociations/configurationAccessEndpoint",
            "name": "configurationAccessEndpoint",
            "target_resource_id": "/subscriptions/dcef7009-6b94-4382-afdc-17eb160d709a/resourceGroups/rg-lzaks-spoke-aks-cx-prod/providers/Microsoft.ContainerService/managedClusters/aks-cluster",
            "timeouts": null
          },
          "sensitive_attributes": [],
          "private": "eyJlMmJmYjczMC1lY2FhLTExZTYtOGY4OC0zNDM2M2JjN2M0YzAiOnsiY3JlYXRlIjoxODAwMDAwMDAwMDAwLCJkZWxldGUiOjE4MDAwMDAwMDAwMDAsInJlYWQiOjMwMDAwMDAwMDAwMCwidXBkYXRlIjoxODAwMDAwMDAwMDAwfX0=",
          "dependencies": [
            "azurerm_monitor_data_collection_endpoint.dce-log-analytics",
            "azurerm_resource_group.rg-monitoring",
            "azurerm_resource_group.rg-prod",
            "data.azurerm_client_config.current",
            "data.terraform_remote_state.hub",
            "data.terraform_remote_state.management",
            "data.terraform_remote_state.spoke_aks",
            "module.aks-prod.azurerm_kubernetes_cluster.aks",
            "module.aks-prod.azurerm_role_assignment.contributor",
            "module.aks-prod.azurerm_role_assignment.managed-identity-operator",
            "module.aks-prod.azurerm_role_assignment.network-contributor",
            "module.aks-prod.azurerm_role_assignment.private-dns-zone-contributor",
            "module.aks-prod.azurerm_user_assigned_identity.identity-aks",
            "module.aks-prod.azurerm_user_assigned_identity.identity-kubelet"
          ]
        }
      ]
    },
    {
      "module": "module.aks-prod",
      "mode": "managed",
      "type": "azurerm_monitor_data_collection_rule_association",
      "name": "dcra-dcr-log-analytics-aks",
      "provider": "provider[\"registry.terraform.io/hashicorp/azurerm\"]",
      "instances": [
        {
          "schema_version": 0,
          "attributes": {
            "data_collection_endpoint_id": "",
            "data_collection_rule_id": "/subscriptions/dcef7009-6b94-4382-afdc-17eb160d709a/resourceGroups/rg-lzaks-spoke-aks-cx-monitoring/providers/Microsoft.Insights/dataCollectionRules/dcr-log-analytics",
            "description": "",
            "id": "/subscriptions/dcef7009-6b94-4382-afdc-17eb160d709a/resourceGroups/rg-lzaks-spoke-aks-cx-prod/providers/Microsoft.ContainerService/managedClusters/aks-cluster/providers/Microsoft.Insights/dataCollectionRuleAssociations/dcra-dcr-log-analytics-aks",
            "name": "dcra-dcr-log-analytics-aks",
            "target_resource_id": "/subscriptions/dcef7009-6b94-4382-afdc-17eb160d709a/resourceGroups/rg-lzaks-spoke-aks-cx-prod/providers/Microsoft.ContainerService/managedClusters/aks-cluster",
            "timeouts": null
          },
          "sensitive_attributes": [],
          "private": "eyJlMmJmYjczMC1lY2FhLTExZTYtOGY4OC0zNDM2M2JjN2M0YzAiOnsiY3JlYXRlIjoxODAwMDAwMDAwMDAwLCJkZWxldGUiOjE4MDAwMDAwMDAwMDAsInJlYWQiOjMwMDAwMDAwMDAwMCwidXBkYXRlIjoxODAwMDAwMDAwMDAwfX0=",
          "dependencies": [
            "azurerm_monitor_data_collection_endpoint.dce-log-analytics",
            "azurerm_monitor_data_collection_rule.dcr-log-analytics",
            "azurerm_resource_group.rg-monitoring",
            "azurerm_resource_group.rg-prod",
            "data.azurerm_client_config.current",
            "data.terraform_remote_state.hub",
            "data.terraform_remote_state.management",
            "data.terraform_remote_state.spoke_aks",
            "module.aks-prod.azurerm_kubernetes_cluster.aks",
            "module.aks-prod.azurerm_role_assignment.contributor",
            "module.aks-prod.azurerm_role_assignment.managed-identity-operator",
            "module.aks-prod.azurerm_role_assignment.network-contributor",
            "module.aks-prod.azurerm_role_assignment.private-dns-zone-contributor",
            "module.aks-prod.azurerm_user_assigned_identity.identity-aks",
            "module.aks-prod.azurerm_user_assigned_identity.identity-kubelet"
          ]
        }
      ]
    },
    {
      "module": "module.aks-prod",
      "mode": "managed",
      "type": "azurerm_monitor_diagnostic_setting",
      "name": "aks_diagnostic_settings",
      "provider": "provider[\"registry.terraform.io/hashicorp/azurerm\"]",
      "instances": [
        {
          "schema_version": 0,
          "attributes": {
            "enabled_log": [
              {
                "category": "cloud-controller-manager",
                "category_group": "",
                "retention_policy": [
                  {
                    "days": 0,
                    "enabled": false
                  }
                ]
              },
              {
                "category": "cluster-autoscaler",
                "category_group": "",
                "retention_policy": [
                  {
                    "days": 0,
                    "enabled": false
                  }
                ]
              },
              {
                "category": "csi-azuredisk-controller",
                "category_group": "",
                "retention_policy": [
                  {
                    "days": 0,
                    "enabled": false
                  }
                ]
              },
              {
                "category": "csi-azurefile-controller",
                "category_group": "",
                "retention_policy": [
                  {
                    "days": 0,
                    "enabled": false
                  }
                ]
              },
              {
                "category": "csi-snapshot-controller",
                "category_group": "",
                "retention_policy": [
                  {
                    "days": 0,
                    "enabled": false
                  }
                ]
              },
              {
                "category": "guard",
                "category_group": "",
                "retention_policy": [
                  {
                    "days": 0,
                    "enabled": false
                  }
                ]
              },
              {
                "category": "kube-apiserver",
                "category_group": "",
                "retention_policy": [
                  {
                    "days": 0,
                    "enabled": false
                  }
                ]
              },
              {
                "category": "kube-audit",
                "category_group": "",
                "retention_policy": [
                  {
                    "days": 0,
                    "enabled": false
                  }
                ]
              },
              {
                "category": "kube-audit-admin",
                "category_group": "",
                "retention_policy": [
                  {
                    "days": 0,
                    "enabled": false
                  }
                ]
              },
              {
                "category": "kube-controller-manager",
                "category_group": "",
                "retention_policy": [
                  {
                    "days": 0,
                    "enabled": false
                  }
                ]
              },
              {
                "category": "kube-scheduler",
                "category_group": "",
                "retention_policy": [
                  {
                    "days": 0,
                    "enabled": false
                  }
                ]
              }
            ],
            "eventhub_authorization_rule_id": "",
            "eventhub_name": "",
            "id": "/subscriptions/dcef7009-6b94-4382-afdc-17eb160d709a/resourceGroups/rg-lzaks-spoke-aks-cx-prod/providers/Microsoft.ContainerService/managedClusters/aks-cluster|aks-diagnostic-settings",
            "log_analytics_destination_type": "Dedicated",
            "log_analytics_workspace_id": "/subscriptions/dcef7009-6b94-4382-afdc-17eb160d709a/resourceGroups/rg-lzaks-management/providers/Microsoft.OperationalInsights/workspaces/loganalyticsforaks011",
            "metric": [
              {
                "category": "AllMetrics",
                "enabled": true,
                "retention_policy": [
                  {
                    "days": 0,
                    "enabled": false
                  }
                ]
              }
            ],
            "name": "aks-diagnostic-settings",
            "partner_solution_id": null,
            "storage_account_id": null,
            "target_resource_id": "/subscriptions/dcef7009-6b94-4382-afdc-17eb160d709a/resourceGroups/rg-lzaks-spoke-aks-cx-prod/providers/Microsoft.ContainerService/managedClusters/aks-cluster",
            "timeouts": null
          },
          "sensitive_attributes": [],
          "private": "eyJlMmJmYjczMC1lY2FhLTExZTYtOGY4OC0zNDM2M2JjN2M0YzAiOnsiY3JlYXRlIjoxODAwMDAwMDAwMDAwLCJkZWxldGUiOjM2MDAwMDAwMDAwMDAsInJlYWQiOjMwMDAwMDAwMDAwMCwidXBkYXRlIjoxODAwMDAwMDAwMDAwfX0=",
          "dependencies": [
            "azurerm_resource_group.rg-prod",
            "data.azurerm_client_config.current",
            "data.terraform_remote_state.hub",
            "data.terraform_remote_state.management",
            "data.terraform_remote_state.spoke_aks",
            "module.aks-prod.azurerm_kubernetes_cluster.aks",
            "module.aks-prod.azurerm_role_assignment.contributor",
            "module.aks-prod.azurerm_role_assignment.managed-identity-operator",
            "module.aks-prod.azurerm_role_assignment.network-contributor",
            "module.aks-prod.azurerm_role_assignment.private-dns-zone-contributor",
            "module.aks-prod.azurerm_user_assigned_identity.identity-aks",
            "module.aks-prod.azurerm_user_assigned_identity.identity-kubelet"
          ]
        }
      ]
    },
    {
      "module": "module.aks-prod",
      "mode": "managed",
      "type": "azurerm_role_assignment",
      "name": "acrpull",
      "provider": "provider[\"registry.terraform.io/hashicorp/azurerm\"]",
      "instances": [
        {
          "schema_version": 0,
          "attributes": {
            "condition": "",
            "condition_version": "",
            "delegated_managed_identity_resource_id": "",
            "description": "",
            "id": "/subscriptions/dcef7009-6b94-4382-afdc-17eb160d709a/resourceGroups/rg-lzaks-spoke-aks-infra/providers/Microsoft.ContainerRegistry/registries/acrforakstf01357/providers/Microsoft.Authorization/roleAssignments/a92ead70-1f30-4795-2a98-11d6f1d7f0be",
            "name": "a92ead70-1f30-4795-2a98-11d6f1d7f0be",
            "principal_id": "441d1827-89da-4559-9028-d03d78464c41",
            "principal_type": "ServicePrincipal",
            "role_definition_id": "/subscriptions/dcef7009-6b94-4382-afdc-17eb160d709a/providers/Microsoft.Authorization/roleDefinitions/7f951dda-4ed3-4680-a7ca-43fe172d538d",
            "role_definition_name": "AcrPull",
            "scope": "/subscriptions/dcef7009-6b94-4382-afdc-17eb160d709a/resourceGroups/rg-lzaks-spoke-aks-infra/providers/Microsoft.ContainerRegistry/registries/acrforakstf01357",
            "skip_service_principal_aad_check": true,
            "timeouts": null
          },
          "sensitive_attributes": [],
          "private": "eyJlMmJmYjczMC1lY2FhLTExZTYtOGY4OC0zNDM2M2JjN2M0YzAiOnsiY3JlYXRlIjoxODAwMDAwMDAwMDAwLCJkZWxldGUiOjE4MDAwMDAwMDAwMDAsInJlYWQiOjMwMDAwMDAwMDAwMH19",
          "dependencies": [
            "azurerm_resource_group.rg-prod",
            "data.terraform_remote_state.spoke_aks",
            "module.aks-prod.azurerm_user_assigned_identity.identity-kubelet"
          ]
        }
      ]
    },
    {
      "module": "module.aks-prod",
      "mode": "managed",
      "type": "azurerm_role_assignment",
      "name": "azure-kubernetes-service-rbac-cluster-admin",
      "provider": "provider[\"registry.terraform.io/hashicorp/azurerm\"]",
      "instances": [
        {
          "schema_version": 0,
          "attributes": {
            "condition": "",
            "condition_version": "",
            "delegated_managed_identity_resource_id": "",
            "description": "",
            "id": "/subscriptions/dcef7009-6b94-4382-afdc-17eb160d709a/resourceGroups/rg-lzaks-spoke-aks-cx-prod/providers/Microsoft.ContainerService/managedClusters/aks-cluster/providers/Microsoft.Authorization/roleAssignments/526c63fb-be00-346e-ea1a-e5110b6f65e3",
            "name": "526c63fb-be00-346e-ea1a-e5110b6f65e3",
            "principal_id": "b591b75b-2e44-498f-868f-8acd5e1cc1df",
            "principal_type": "Group",
            "role_definition_id": "/subscriptions/dcef7009-6b94-4382-afdc-17eb160d709a/providers/Microsoft.Authorization/roleDefinitions/b1ff04bb-8a4e-4dc4-8eb5-8693973ce19b",
            "role_definition_name": "Azure Kubernetes Service RBAC Cluster Admin",
            "scope": "/subscriptions/dcef7009-6b94-4382-afdc-17eb160d709a/resourceGroups/rg-lzaks-spoke-aks-cx-prod/providers/Microsoft.ContainerService/managedClusters/aks-cluster",
            "skip_service_principal_aad_check": true,
            "timeouts": null
          },
          "sensitive_attributes": [],
          "private": "eyJlMmJmYjczMC1lY2FhLTExZTYtOGY4OC0zNDM2M2JjN2M0YzAiOnsiY3JlYXRlIjoxODAwMDAwMDAwMDAwLCJkZWxldGUiOjE4MDAwMDAwMDAwMDAsInJlYWQiOjMwMDAwMDAwMDAwMH19",
          "dependencies": [
            "azuread_group.aks_admins",
            "azurerm_resource_group.rg-prod",
            "data.azurerm_client_config.current",
            "data.terraform_remote_state.hub",
            "data.terraform_remote_state.management",
            "data.terraform_remote_state.spoke_aks",
            "module.aks-prod.azurerm_kubernetes_cluster.aks",
            "module.aks-prod.azurerm_role_assignment.contributor",
            "module.aks-prod.azurerm_role_assignment.managed-identity-operator",
            "module.aks-prod.azurerm_role_assignment.network-contributor",
            "module.aks-prod.azurerm_role_assignment.private-dns-zone-contributor",
            "module.aks-prod.azurerm_user_assigned_identity.identity-aks",
            "module.aks-prod.azurerm_user_assigned_identity.identity-kubelet"
          ]
        }
      ]
    },
    {
      "module": "module.aks-prod",
      "mode": "managed",
      "type": "azurerm_role_assignment",
      "name": "contributor",
      "provider": "provider[\"registry.terraform.io/hashicorp/azurerm\"]",
      "instances": [
        {
          "schema_version": 0,
          "attributes": {
            "condition": "",
            "condition_version": "",
            "delegated_managed_identity_resource_id": "",
            "description": "",
            "id": "/subscriptions/dcef7009-6b94-4382-afdc-17eb160d709a/resourceGroups/rg-lzaks-spoke-aks-cx-prod/providers/Microsoft.Authorization/roleAssignments/db852318-42f7-aa51-6ed5-ca43d1fdd94d",
            "name": "db852318-42f7-aa51-6ed5-ca43d1fdd94d",
            "principal_id": "76a2e5f2-9084-4cc4-8972-7292398d3999",
            "principal_type": "ServicePrincipal",
            "role_definition_id": "/subscriptions/dcef7009-6b94-4382-afdc-17eb160d709a/providers/Microsoft.Authorization/roleDefinitions/b24988ac-6180-42a0-ab88-20f7382dd24c",
            "role_definition_name": "Contributor",
            "scope": "/subscriptions/dcef7009-6b94-4382-afdc-17eb160d709a/resourceGroups/rg-lzaks-spoke-aks-cx-prod",
            "skip_service_principal_aad_check": true,
            "timeouts": null
          },
          "sensitive_attributes": [],
          "private": "eyJlMmJmYjczMC1lY2FhLTExZTYtOGY4OC0zNDM2M2JjN2M0YzAiOnsiY3JlYXRlIjoxODAwMDAwMDAwMDAwLCJkZWxldGUiOjE4MDAwMDAwMDAwMDAsInJlYWQiOjMwMDAwMDAwMDAwMH19",
          "dependencies": [
            "azurerm_resource_group.rg-prod",
            "module.aks-prod.azurerm_user_assigned_identity.identity-aks"
          ]
        }
      ]
    },
    {
      "module": "module.aks-prod",
      "mode": "managed",
      "type": "azurerm_role_assignment",
      "name": "managed-identity-operator",
      "provider": "provider[\"registry.terraform.io/hashicorp/azurerm\"]",
      "instances": [
        {
          "schema_version": 0,
          "attributes": {
            "condition": "",
            "condition_version": "",
            "delegated_managed_identity_resource_id": "",
            "description": "",
            "id": "/subscriptions/dcef7009-6b94-4382-afdc-17eb160d709a/resourceGroups/rg-lzaks-spoke-aks-cx-prod/providers/Microsoft.ManagedIdentity/userAssignedIdentities/identity-kubelet/providers/Microsoft.Authorization/roleAssignments/016b05b6-8c0f-950f-34d2-0287621b5e6a",
            "name": "016b05b6-8c0f-950f-34d2-0287621b5e6a",
            "principal_id": "76a2e5f2-9084-4cc4-8972-7292398d3999",
            "principal_type": "ServicePrincipal",
            "role_definition_id": "/subscriptions/dcef7009-6b94-4382-afdc-17eb160d709a/providers/Microsoft.Authorization/roleDefinitions/f1a07417-d97a-45cb-824c-7a7467783830",
            "role_definition_name": "Managed Identity Operator",
            "scope": "/subscriptions/dcef7009-6b94-4382-afdc-17eb160d709a/resourceGroups/rg-lzaks-spoke-aks-cx-prod/providers/Microsoft.ManagedIdentity/userAssignedIdentities/identity-kubelet",
            "skip_service_principal_aad_check": true,
            "timeouts": null
          },
          "sensitive_attributes": [],
          "private": "eyJlMmJmYjczMC1lY2FhLTExZTYtOGY4OC0zNDM2M2JjN2M0YzAiOnsiY3JlYXRlIjoxODAwMDAwMDAwMDAwLCJkZWxldGUiOjE4MDAwMDAwMDAwMDAsInJlYWQiOjMwMDAwMDAwMDAwMH19",
          "dependencies": [
            "azurerm_resource_group.rg-prod",
            "module.aks-prod.azurerm_user_assigned_identity.identity-aks",
            "module.aks-prod.azurerm_user_assigned_identity.identity-kubelet"
          ]
        }
      ]
    },
    {
      "module": "module.aks-prod",
      "mode": "managed",
      "type": "azurerm_role_assignment",
      "name": "network-contributor",
      "provider": "provider[\"registry.terraform.io/hashicorp/azurerm\"]",
      "instances": [
        {
          "schema_version": 0,
          "attributes": {
            "condition": "",
            "condition_version": "",
            "delegated_managed_identity_resource_id": "",
            "description": "",
            "id": "/subscriptions/dcef7009-6b94-4382-afdc-17eb160d709a/resourceGroups/rg-lzaks-spoke-aks-infra/providers/Microsoft.Network/virtualNetworks/vnet-spoke-aks/providers/Microsoft.Authorization/roleAssignments/e02ed6cd-527f-1a90-ddaf-31ec20025020",
            "name": "e02ed6cd-527f-1a90-ddaf-31ec20025020",
            "principal_id": "76a2e5f2-9084-4cc4-8972-7292398d3999",
            "principal_type": "ServicePrincipal",
            "role_definition_id": "/subscriptions/dcef7009-6b94-4382-afdc-17eb160d709a/providers/Microsoft.Authorization/roleDefinitions/4d97b98b-1d4f-4787-a291-c67834d212e7",
            "role_definition_name": "Network Contributor",
            "scope": "/subscriptions/dcef7009-6b94-4382-afdc-17eb160d709a/resourceGroups/rg-lzaks-spoke-aks-infra/providers/Microsoft.Network/virtualNetworks/vnet-spoke-aks",
            "skip_service_principal_aad_check": true,
            "timeouts": null
          },
          "sensitive_attributes": [],
          "private": "eyJlMmJmYjczMC1lY2FhLTExZTYtOGY4OC0zNDM2M2JjN2M0YzAiOnsiY3JlYXRlIjoxODAwMDAwMDAwMDAwLCJkZWxldGUiOjE4MDAwMDAwMDAwMDAsInJlYWQiOjMwMDAwMDAwMDAwMH19",
          "dependencies": [
            "azurerm_resource_group.rg-prod",
            "data.terraform_remote_state.spoke_aks",
            "module.aks-prod.azurerm_user_assigned_identity.identity-aks"
          ]
        }
      ]
    },
    {
      "module": "module.aks-prod",
      "mode": "managed",
      "type": "azurerm_role_assignment",
      "name": "private-dns-zone-contributor",
      "provider": "provider[\"registry.terraform.io/hashicorp/azurerm\"]",
      "instances": [
        {
          "schema_version": 0,
          "attributes": {
            "condition": "",
            "condition_version": "",
            "delegated_managed_identity_resource_id": "",
            "description": "",
            "id": "/subscriptions/dcef7009-6b94-4382-afdc-17eb160d709a/resourceGroups/rg-lzaks-hub/providers/Microsoft.Network/privateDnsZones/privatelink.swedencentral.azmk8s.io/providers/Microsoft.Authorization/roleAssignments/8fee29b7-79f2-5ada-cb6a-20df21244b67",
            "name": "8fee29b7-79f2-5ada-cb6a-20df21244b67",
            "principal_id": "76a2e5f2-9084-4cc4-8972-7292398d3999",
            "principal_type": "ServicePrincipal",
            "role_definition_id": "/subscriptions/dcef7009-6b94-4382-afdc-17eb160d709a/providers/Microsoft.Authorization/roleDefinitions/b12aa53e-6015-4669-85d0-8515ebb3ae7f",
            "role_definition_name": "Private DNS Zone Contributor",
            "scope": "/subscriptions/dcef7009-6b94-4382-afdc-17eb160d709a/resourceGroups/rg-lzaks-hub/providers/Microsoft.Network/privateDnsZones/privatelink.swedencentral.azmk8s.io",
            "skip_service_principal_aad_check": true,
            "timeouts": null
          },
          "sensitive_attributes": [],
          "private": "eyJlMmJmYjczMC1lY2FhLTExZTYtOGY4OC0zNDM2M2JjN2M0YzAiOnsiY3JlYXRlIjoxODAwMDAwMDAwMDAwLCJkZWxldGUiOjE4MDAwMDAwMDAwMDAsInJlYWQiOjMwMDAwMDAwMDAwMH19",
          "dependencies": [
            "azurerm_resource_group.rg-prod",
            "data.terraform_remote_state.hub",
            "module.aks-prod.azurerm_user_assigned_identity.identity-aks"
          ]
        }
      ]
    },
    {
      "module": "module.aks-prod",
      "mode": "managed",
      "type": "azurerm_user_assigned_identity",
      "name": "identity-aks",
      "provider": "provider[\"registry.terraform.io/hashicorp/azurerm\"]",
      "instances": [
        {
          "schema_version": 1,
          "attributes": {
            "client_id": "20a53d4c-69b1-48c4-a6a7-fffff2e70900",
            "id": "/subscriptions/dcef7009-6b94-4382-afdc-17eb160d709a/resourceGroups/rg-lzaks-spoke-aks-cx-prod/providers/Microsoft.ManagedIdentity/userAssignedIdentities/identity-aks",
            "location": "swedencentral",
            "name": "identity-aks",
            "principal_id": "76a2e5f2-9084-4cc4-8972-7292398d3999",
            "resource_group_name": "rg-lzaks-spoke-aks-cx-prod",
            "tags": {
              "architecture": "Hub\u0026Spoke",
              "environment": "development",
              "source": "terraform"
            },
            "tenant_id": "93139d1e-a3c1-4d78-9ed5-878be090eba4",
            "timeouts": null
          },
          "sensitive_attributes": [],
          "private": "eyJlMmJmYjczMC1lY2FhLTExZTYtOGY4OC0zNDM2M2JjN2M0YzAiOnsiY3JlYXRlIjoxODAwMDAwMDAwMDAwLCJkZWxldGUiOjE4MDAwMDAwMDAwMDAsInJlYWQiOjMwMDAwMDAwMDAwMCwidXBkYXRlIjoxODAwMDAwMDAwMDAwfSwic2NoZW1hX3ZlcnNpb24iOiIxIn0=",
          "dependencies": [
            "azurerm_resource_group.rg-prod"
          ]
        }
      ]
    },
    {
      "module": "module.aks-prod",
      "mode": "managed",
      "type": "azurerm_user_assigned_identity",
      "name": "identity-kubelet",
      "provider": "provider[\"registry.terraform.io/hashicorp/azurerm\"]",
      "instances": [
        {
          "schema_version": 1,
          "attributes": {
            "client_id": "13900e9e-471f-4b91-bf02-225b5c84151c",
            "id": "/subscriptions/dcef7009-6b94-4382-afdc-17eb160d709a/resourceGroups/rg-lzaks-spoke-aks-cx-prod/providers/Microsoft.ManagedIdentity/userAssignedIdentities/identity-kubelet",
            "location": "swedencentral",
            "name": "identity-kubelet",
            "principal_id": "441d1827-89da-4559-9028-d03d78464c41",
            "resource_group_name": "rg-lzaks-spoke-aks-cx-prod",
            "tags": {
              "architecture": "Hub\u0026Spoke",
              "environment": "development",
              "source": "terraform"
            },
            "tenant_id": "93139d1e-a3c1-4d78-9ed5-878be090eba4",
            "timeouts": null
          },
          "sensitive_attributes": [],
          "private": "eyJlMmJmYjczMC1lY2FhLTExZTYtOGY4OC0zNDM2M2JjN2M0YzAiOnsiY3JlYXRlIjoxODAwMDAwMDAwMDAwLCJkZWxldGUiOjE4MDAwMDAwMDAwMDAsInJlYWQiOjMwMDAwMDAwMDAwMCwidXBkYXRlIjoxODAwMDAwMDAwMDAwfSwic2NoZW1hX3ZlcnNpb24iOiIxIn0=",
          "dependencies": [
            "azurerm_resource_group.rg-prod"
          ]
        }
      ]
    }
  ],
  "check_results": null
}
