{
  "version": 4,
  "terraform_version": "1.10.4",
  "serial": 176,
  "lineage": "e0c5b1f5-e420-5796-991e-2a1793ac380f",
  "outputs": {},
  "resources": [
    {
      "mode": "data",
      "type": "azurerm_client_config",
      "name": "current",
      "provider": "provider[\"registry.terraform.io/hashicorp/azurerm\"]",
      "instances": [
        {
          "schema_version": 0,
          "attributes": {
            "client_id": "04b07795-8ddb-461a-bbee-02f9e1bf7b46",
            "id": "Y2xpZW50Q29uZmlncy9jbGllbnRJZD0wNGIwNzc5NS04ZGRiLTQ2MWEtYmJlZS0wMmY5ZTFiZjdiNDY7b2JqZWN0SWQ9ODE3M2M0NWQtMDM1ZS00NjkyLThmNDAtNTQwY2Q1ZmMwZjE4O3N1YnNjcmlwdGlvbklkPWRjZWY3MDA5LTZiOTQtNDM4Mi1hZmRjLTE3ZWIxNjBkNzA5YTt0ZW5hbnRJZD05MzEzOWQxZS1hM2MxLTRkNzgtOWVkNS04NzhiZTA5MGViYTQ=",
            "object_id": "8173c45d-035e-4692-8f40-540cd5fc0f18",
            "subscription_id": "dcef7009-6b94-4382-afdc-17eb160d709a",
            "tenant_id": "93139d1e-a3c1-4d78-9ed5-878be090eba4",
            "timeouts": null
          },
          "sensitive_attributes": []
        }
      ]
    },
    {
      "mode": "data",
      "type": "terraform_remote_state",
      "name": "hub",
      "provider": "provider[\"terraform.io/builtin/terraform\"]",
      "instances": [
        {
          "schema_version": 0,
          "attributes": {
            "backend": "local",
            "config": {
              "value": {
                "path": "../02_hub/terraform.tfstate"
              },
              "type": [
                "object",
                {
                  "path": "string"
                }
              ]
            },
            "defaults": null,
            "outputs": {
              "value": {
                "dns_zone_aks": {
                  "id": "/subscriptions/dcef7009-6b94-4382-afdc-17eb160d709a/resourceGroups/rg-lzaks-hub/providers/Microsoft.Network/privateDnsZones/privatelink.swedencentral.azmk8s.io"
                },
                "dns_zone_apps": {
                  "name": "apps.houssem17.com",
                  "resource_group_name": "rg-lzaks-hub"
                },
                "firewall": {
                  "enabled": true,
                  "policy_id": "/subscriptions/dcef7009-6b94-4382-afdc-17eb160d709a/resourceGroups/rg-lzaks-hub/providers/Microsoft.Network/firewallPolicies/firewall-policy",
                  "private_ip": "172.16.0.4"
                },
                "vnet_hub": {
                  "id": "/subscriptions/dcef7009-6b94-4382-afdc-17eb160d709a/resourceGroups/rg-lzaks-hub/providers/Microsoft.Network/virtualNetworks/vnet-hub"
                }
              },
              "type": [
                "object",
                {
                  "dns_zone_aks": [
                    "object",
                    {
                      "id": "string"
                    }
                  ],
                  "dns_zone_apps": [
                    "object",
                    {
                      "name": "string",
                      "resource_group_name": "string"
                    }
                  ],
                  "firewall": [
                    "object",
                    {
                      "enabled": "bool",
                      "policy_id": "string",
                      "private_ip": "string"
                    }
                  ],
                  "vnet_hub": [
                    "object",
                    {
                      "id": "string"
                    }
                  ]
                }
              ]
            },
            "workspace": null
          },
          "sensitive_attributes": []
        }
      ]
    },
    {
      "mode": "data",
      "type": "terraform_remote_state",
      "name": "management",
      "provider": "provider[\"terraform.io/builtin/terraform\"]",
      "instances": [
        {
          "schema_version": 0,
          "attributes": {
            "backend": "local",
            "config": {
              "value": {
                "path": "../01_management/terraform.tfstate"
              },
              "type": [
                "object",
                {
                  "path": "string"
                }
              ]
            },
            "defaults": null,
            "outputs": {
              "value": {
                "log_analytics_workspace": {
                  "id": "/subscriptions/dcef7009-6b94-4382-afdc-17eb160d709a/resourceGroups/rg-lzaks-management/providers/Microsoft.OperationalInsights/workspaces/loganalyticsforaks011",
                  "location": "swedencentral",
                  "workspace_id": "536cdf18-5dc0-44a9-872a-988147b34ec1"
                }
              },
              "type": [
                "object",
                {
                  "log_analytics_workspace": [
                    "object",
                    {
                      "id": "string",
                      "location": "string",
                      "workspace_id": "string"
                    }
                  ]
                }
              ]
            },
            "workspace": null
          },
          "sensitive_attributes": []
        }
      ]
    },
    {
      "mode": "data",
      "type": "terraform_remote_state",
      "name": "spoke_aks",
      "provider": "provider[\"terraform.io/builtin/terraform\"]",
      "instances": [
        {
          "schema_version": 0,
          "attributes": {
            "backend": "local",
            "config": {
              "value": {
                "path": "../03_spoke_aks_infra/terraform.tfstate"
              },
              "type": [
                "object",
                {
                  "path": "string"
                }
              ]
            },
            "defaults": null,
            "outputs": {
              "value": {
                "acr": {
                  "id": "/subscriptions/dcef7009-6b94-4382-afdc-17eb160d709a/resourceGroups/rg-lzaks-spoke-aks-infra/providers/Microsoft.ContainerRegistry/registries/acrforakstf01357"
                },
                "application_gateway": {
                  "enabled": false,
                  "id": null
                },
                "dns_zone_apps": {
                  "fqdn": null
                },
                "grafana": {
                  "dns_url": "grafana-123579-ccb6adhtbdbzf9g0.cse.grafana.azure.com",
                  "endpoint": "https://grafana-123579-ccb6adhtbdbzf9g0.cse.grafana.azure.com",
                  "id": "/subscriptions/dcef7009-6b94-4382-afdc-17eb160d709a/resourceGroups/rg-lzaks-spoke-aks-infra/providers/Microsoft.Dashboard/grafana/grafana-123579"
                },
                "prometheus": {
                  "data_collection_endpoint_id": "/subscriptions/dcef7009-6b94-4382-afdc-17eb160d709a/resourceGroups/rg-lzaks-spoke-aks-infra/providers/Microsoft.Insights/dataCollectionEndpoints/prometheus-data-collection-endpoint",
                  "data_collection_rule_id": "/subscriptions/dcef7009-6b94-4382-afdc-17eb160d709a/resourceGroups/rg-lzaks-spoke-aks-infra/providers/Microsoft.Insights/dataCollectionRules/prometheus-data-collection-rule",
                  "id": "/subscriptions/dcef7009-6b94-4382-afdc-17eb160d709a/resourceGroups/rg-lzaks-spoke-aks-infra/providers/Microsoft.Monitor/accounts/monitor-workspace-prometheus"
                },
                "route_table": {
                  "id": "/subscriptions/dcef7009-6b94-4382-afdc-17eb160d709a/resourceGroups/rg-lzaks-spoke-aks-infra/providers/Microsoft.Network/routeTables/route-table-to-firewall"
                },
                "snet_aks": {
                  "id": "/subscriptions/dcef7009-6b94-4382-afdc-17eb160d709a/resourceGroups/rg-lzaks-spoke-aks-infra/providers/Microsoft.Network/virtualNetworks/vnet-spoke-aks/subnets/snet-aks"
                },
                "vnet_spoke_aks": {
                  "address_space": [
                    "10.1.0.0/16"
                  ],
                  "id": "/subscriptions/dcef7009-6b94-4382-afdc-17eb160d709a/resourceGroups/rg-lzaks-spoke-aks-infra/providers/Microsoft.Network/virtualNetworks/vnet-spoke-aks",
                  "resource_group_name": "rg-lzaks-spoke-aks-infra",
                  "virtual_network_name": "vnet-spoke-aks"
                }
              },
              "type": [
                "object",
                {
                  "acr": [
                    "object",
                    {
                      "id": "string"
                    }
                  ],
                  "application_gateway": [
                    "object",
                    {
                      "enabled": "bool",
                      "id": "dynamic"
                    }
                  ],
                  "dns_zone_apps": [
                    "object",
                    {
                      "fqdn": "dynamic"
                    }
                  ],
                  "grafana": [
                    "object",
                    {
                      "dns_url": "string",
                      "endpoint": "string",
                      "id": "string"
                    }
                  ],
                  "prometheus": [
                    "object",
                    {
                      "data_collection_endpoint_id": "string",
                      "data_collection_rule_id": "string",
                      "id": "string"
                    }
                  ],
                  "route_table": [
                    "object",
                    {
                      "id": "string"
                    }
                  ],
                  "snet_aks": [
                    "object",
                    {
                      "id": "string"
                    }
                  ],
                  "vnet_spoke_aks": [
                    "object",
                    {
                      "address_space": [
                        "set",
                        "string"
                      ],
                      "id": "string",
                      "resource_group_name": "string",
                      "virtual_network_name": "string"
                    }
                  ]
                }
              ]
            },
            "workspace": null
          },
          "sensitive_attributes": []
        }
      ]
    },
    {
      "mode": "managed",
      "type": "azuread_group",
      "name": "aks_admins",
      "provider": "provider[\"registry.terraform.io/hashicorp/azuread\"]",
      "instances": [
        {
          "schema_version": 1,
          "attributes": {
            "administrative_unit_ids": null,
            "assignable_to_role": false,
            "auto_subscribe_new_members": false,
            "behaviors": null,
            "description": "",
            "display_name": "aks-admins",
            "dynamic_membership": [],
            "external_senders_allowed": false,
            "hide_from_address_lists": false,
            "hide_from_outlook_clients": false,
            "id": "/groups/4b7dd737-3c00-430a-b76a-515e6faa5300",
            "mail": "",
            "mail_enabled": false,
            "mail_nickname": "2e8acfa3-3",
            "members": [
              "8173c45d-035e-4692-8f40-540cd5fc0f18"
            ],
            "object_id": "4b7dd737-3c00-430a-b76a-515e6faa5300",
            "onpremises_domain_name": "",
            "onpremises_group_type": "",
            "onpremises_netbios_name": "",
            "onpremises_sam_account_name": "",
            "onpremises_security_identifier": "",
            "onpremises_sync_enabled": false,
            "owners": [
              "8173c45d-035e-4692-8f40-540cd5fc0f18"
            ],
            "preferred_language": "",
            "prevent_duplicate_names": false,
            "provisioning_options": null,
            "proxy_addresses": [],
            "security_enabled": true,
            "theme": "",
            "timeouts": null,
            "types": null,
            "visibility": "",
            "writeback_enabled": false
          },
          "sensitive_attributes": [],
          "private": "eyJlMmJmYjczMC1lY2FhLTExZTYtOGY4OC0zNDM2M2JjN2M0YzAiOnsiY3JlYXRlIjoxMjAwMDAwMDAwMDAwLCJkZWxldGUiOjMwMDAwMDAwMDAwMCwicmVhZCI6MzAwMDAwMDAwMDAwLCJ1cGRhdGUiOjEyMDAwMDAwMDAwMDB9LCJzY2hlbWFfdmVyc2lvbiI6IjEifQ==",
          "dependencies": [
            "data.azurerm_client_config.current"
          ]
        }
      ]
    },
    {
      "mode": "managed",
      "type": "azurerm_monitor_data_collection_rule",
      "name": "dcr-log-analytics",
      "provider": "provider[\"registry.terraform.io/hashicorp/azurerm\"]",
      "instances": [
        {
          "schema_version": 0,
          "attributes": {
            "data_collection_endpoint_id": "",
            "data_flow": [
              {
                "built_in_transform": "",
                "destinations": [
                  "log_analytics"
                ],
                "output_stream": "",
                "streams": [
                  "Microsoft-ContainerInsights-Group-Default"
                ],
                "transform_kql": ""
              }
            ],
            "data_sources": [
              {
                "data_import": [],
                "extension": [
                  {
                    "extension_json": "{\"dataCollectionSettings\":{\"enableContainerLogV2\":true,\"interval\":\"1m\",\"namespaceFilteringMode\":\"Off\"}}",
                    "extension_name": "ContainerInsights",
                    "input_data_sources": null,
                    "name": "ContainerInsightsExtension",
                    "streams": [
                      "Microsoft-ContainerInsights-Group-Default"
                    ]
                  }
                ],
                "iis_log": [],
                "log_file": [],
                "performance_counter": [],
                "platform_telemetry": [],
                "prometheus_forwarder": [],
                "syslog": [
                  {
                    "facility_names": [
                      "*"
                    ],
                    "log_levels": [
                      "Debug",
                      "Info",
                      "Notice",
                      "Warning",
                      "Error",
                      "Critical",
                      "Alert",
                      "Emergency"
                    ],
                    "name": "example-syslog",
                    "streams": [
                      "Microsoft-Syslog"
                    ]
                  }
                ],
                "windows_event_log": [],
                "windows_firewall_log": []
              }
            ],
            "description": "",
            "destinations": [
              {
                "azure_monitor_metrics": [],
                "event_hub": [],
                "event_hub_direct": [],
                "log_analytics": [
                  {
                    "name": "log_analytics",
                    "workspace_resource_id": "/subscriptions/dcef7009-6b94-4382-afdc-17eb160d709a/resourceGroups/rg-lzaks-management/providers/Microsoft.OperationalInsights/workspaces/loganalyticsforaks011"
                  }
                ],
                "monitor_account": [],
                "storage_blob": [],
                "storage_blob_direct": [],
                "storage_table_direct": []
              }
            ],
            "id": "/subscriptions/dcef7009-6b94-4382-afdc-17eb160d709a/resourceGroups/rg-lzaks-spoke-aks-cx-monitoring/providers/Microsoft.Insights/dataCollectionRules/dcr-log-analytics",
            "identity": [],
            "immutable_id": "dcr-95e285a26af5445e88afeedce45c0f1a",
            "kind": "",
            "location": "swedencentral",
            "name": "dcr-log-analytics",
            "resource_group_name": "rg-lzaks-spoke-aks-cx-monitoring",
            "stream_declaration": [],
            "tags": null,
            "timeouts": null
          },
          "sensitive_attributes": [],
          "private": "eyJlMmJmYjczMC1lY2FhLTExZTYtOGY4OC0zNDM2M2JjN2M0YzAiOnsiY3JlYXRlIjoxODAwMDAwMDAwMDAwLCJkZWxldGUiOjE4MDAwMDAwMDAwMDAsInJlYWQiOjMwMDAwMDAwMDAwMCwidXBkYXRlIjoxODAwMDAwMDAwMDAwfX0=",
          "dependencies": [
            "azurerm_resource_group.rg-monitoring",
            "data.terraform_remote_state.management"
          ]
        }
      ]
    },
    {
      "mode": "managed",
      "type": "azurerm_resource_group",
      "name": "rg-dev",
      "provider": "provider[\"registry.terraform.io/hashicorp/azurerm\"]",
      "instances": [
        {
          "schema_version": 0,
          "attributes": {
            "id": "/subscriptions/dcef7009-6b94-4382-afdc-17eb160d709a/resourceGroups/rg-lzaks-spoke-aks-cx-dev",
            "location": "swedencentral",
            "managed_by": "",
            "name": "rg-lzaks-spoke-aks-cx-dev",
            "tags": null,
            "timeouts": null
          },
          "sensitive_attributes": [],
          "private": "eyJlMmJmYjczMC1lY2FhLTExZTYtOGY4OC0zNDM2M2JjN2M0YzAiOnsiY3JlYXRlIjo1NDAwMDAwMDAwMDAwLCJkZWxldGUiOjU0MDAwMDAwMDAwMDAsInJlYWQiOjMwMDAwMDAwMDAwMCwidXBkYXRlIjo1NDAwMDAwMDAwMDAwfX0="
        }
      ]
    },
    {
      "mode": "managed",
      "type": "azurerm_resource_group",
      "name": "rg-monitoring",
      "provider": "provider[\"registry.terraform.io/hashicorp/azurerm\"]",
      "instances": [
        {
          "schema_version": 0,
          "attributes": {
            "id": "/subscriptions/dcef7009-6b94-4382-afdc-17eb160d709a/resourceGroups/rg-lzaks-spoke-aks-cx-monitoring",
            "location": "swedencentral",
            "managed_by": "",
            "name": "rg-lzaks-spoke-aks-cx-monitoring",
            "tags": null,
            "timeouts": null
          },
          "sensitive_attributes": [],
          "private": "eyJlMmJmYjczMC1lY2FhLTExZTYtOGY4OC0zNDM2M2JjN2M0YzAiOnsiY3JlYXRlIjo1NDAwMDAwMDAwMDAwLCJkZWxldGUiOjU0MDAwMDAwMDAwMDAsInJlYWQiOjMwMDAwMDAwMDAwMCwidXBkYXRlIjo1NDAwMDAwMDAwMDAwfX0="
        }
      ]
    },
    {
      "mode": "managed",
      "type": "azurerm_resource_group",
      "name": "rg-prod",
      "provider": "provider[\"registry.terraform.io/hashicorp/azurerm\"]",
      "instances": [
        {
          "schema_version": 0,
          "attributes": {
            "id": "/subscriptions/dcef7009-6b94-4382-afdc-17eb160d709a/resourceGroups/rg-lzaks-spoke-aks-cx-prod",
            "location": "swedencentral",
            "managed_by": "",
            "name": "rg-lzaks-spoke-aks-cx-prod",
            "tags": null,
            "timeouts": null
          },
          "sensitive_attributes": [],
          "private": "eyJlMmJmYjczMC1lY2FhLTExZTYtOGY4OC0zNDM2M2JjN2M0YzAiOnsiY3JlYXRlIjo1NDAwMDAwMDAwMDAwLCJkZWxldGUiOjU0MDAwMDAwMDAwMDAsInJlYWQiOjMwMDAwMDAwMDAwMCwidXBkYXRlIjo1NDAwMDAwMDAwMDAwfX0="
        }
      ]
    },
    {
      "module": "module.aks-dev",
      "mode": "managed",
      "type": "azurerm_kubernetes_cluster",
      "name": "aks",
      "provider": "provider[\"registry.terraform.io/hashicorp/azurerm\"]",
      "instances": [
        {
          "schema_version": 2,
          "attributes": {
            "aci_connector_linux": [],
            "api_server_access_profile": [],
            "auto_scaler_profile": [
              {
                "balance_similar_node_groups": false,
                "daemonset_eviction_for_empty_nodes_enabled": false,
                "daemonset_eviction_for_occupied_nodes_enabled": true,
                "empty_bulk_delete_max": "10",
                "expander": "random",
                "ignore_daemonsets_utilization_enabled": false,
                "max_graceful_termination_sec": "600",
                "max_node_provisioning_time": "15m",
                "max_unready_nodes": 3,
                "max_unready_percentage": 45,
                "new_pod_scale_up_delay": "10s",
                "scale_down_delay_after_add": "10m",
                "scale_down_delay_after_delete": "10s",
                "scale_down_delay_after_failure": "3m",
                "scale_down_unneeded": "10m",
                "scale_down_unready": "20m",
                "scale_down_utilization_threshold": "0.5",
                "scan_interval": "10s",
                "skip_nodes_with_local_storage": true,
                "skip_nodes_with_system_pods": true
              }
            ],
            "automatic_upgrade_channel": "node-image",
            "azure_active_directory_role_based_access_control": [
              {
                "admin_group_object_ids": null,
                "azure_rbac_enabled": true,
                "tenant_id": "93139d1e-a3c1-4d78-9ed5-878be090eba4"
              }
            ],
            "azure_policy_enabled": true,
            "confidential_computing": [],
            "cost_analysis_enabled": false,
            "current_kubernetes_version": "1.31.3",
            "default_node_pool": [
              {
                "auto_scaling_enabled": true,
                "capacity_reservation_group_id": "",
                "fips_enabled": false,
                "gpu_instance": "",
                "host_encryption_enabled": false,
                "host_group_id": "",
                "kubelet_config": [],
                "kubelet_disk_type": "OS",
                "linux_os_config": [],
                "max_count": 5,
                "max_pods": 110,
                "min_count": 2,
                "name": "systemnp",
                "node_count": 3,
                "node_labels": {},
                "node_network_profile": [],
                "node_public_ip_enabled": false,
                "node_public_ip_prefix_id": "",
                "only_critical_addons_enabled": true,
                "orchestrator_version": "1.31.3",
                "os_disk_size_gb": 128,
                "os_disk_type": "Managed",
                "os_sku": "Ubuntu",
                "pod_subnet_id": "",
                "proximity_placement_group_id": "",
                "scale_down_mode": "Deallocate",
                "snapshot_id": "",
                "tags": {
                  "architecture": "Hub\u0026Spoke",
                  "environment": "development",
                  "source": "terraform"
                },
                "temporary_name_for_rotation": "sysnptmp",
                "type": "VirtualMachineScaleSets",
                "ultra_ssd_enabled": false,
                "upgrade_settings": [
                  {
                    "drain_timeout_in_minutes": 0,
                    "max_surge": "10%",
                    "node_soak_duration_in_minutes": 0
                  }
                ],
                "vm_size": "Standard_D2s_v5",
                "vnet_subnet_id": "/subscriptions/dcef7009-6b94-4382-afdc-17eb160d709a/resourceGroups/rg-lzaks-spoke-aks-infra/providers/Microsoft.Network/virtualNetworks/vnet-spoke-aks/subnets/snet-aks",
                "workload_runtime": "OCIContainer",
                "zones": [
                  "1",
                  "2",
                  "3"
                ]
              }
            ],
            "disk_encryption_set_id": "",
            "dns_prefix": "aks",
            "dns_prefix_private_cluster": "",
            "edge_zone": "",
            "fqdn": "",
            "http_application_routing_enabled": false,
            "http_application_routing_zone_name": "",
            "http_proxy_config": [],
            "id": "/subscriptions/dcef7009-6b94-4382-afdc-17eb160d709a/resourceGroups/rg-lzaks-spoke-aks-cx-dev/providers/Microsoft.ContainerService/managedClusters/aks-cluster",
            "identity": [
              {
                "identity_ids": [
                  "/subscriptions/dcef7009-6b94-4382-afdc-17eb160d709a/resourceGroups/rg-lzaks-spoke-aks-cx-dev/providers/Microsoft.ManagedIdentity/userAssignedIdentities/identity-aks"
                ],
                "principal_id": "",
                "tenant_id": "",
                "type": "UserAssigned"
              }
            ],
            "image_cleaner_enabled": true,
            "image_cleaner_interval_hours": 24,
            "ingress_application_gateway": [],
            "key_management_service": [],
            "key_vault_secrets_provider": [
              {
                "secret_identity": [
                  {
                    "client_id": "dcdd493a-7e8c-4322-a563-915afe7f3a9f",
                    "object_id": "19516688-deed-4d58-9a4a-e7a8646dcb1a",
                    "user_assigned_identity_id": "/subscriptions/dcef7009-6b94-4382-afdc-17eb160d709a/resourcegroups/rg-lzaks-spoke-aks-cx-dev-nodes/providers/Microsoft.ManagedIdentity/userAssignedIdentities/azurekeyvaultsecretsprovider-aks-cluster"
                  }
                ],
                "secret_rotation_enabled": true,
                "secret_rotation_interval": "2m"
              }
            ],
            "kube_admin_config": [],
            "kube_admin_config_raw": "",
            "kube_config": [
              {
                "client_certificate": "",
                "client_key": "",
                "cluster_ca_certificate": "LS0tLS1CRUdJTiBDRVJUSUZJQ0FURS0tLS0tCk1JSUU2VENDQXRHZ0F3SUJBZ0lSQUtGdnpxYkdIWmM1VDFvZWhMWHZaUmN3RFFZSktvWklodmNOQVFFTEJRQXcKRFRFTE1Ba0dBMVVFQXhNQ1kyRXdJQmNOTWpVd01USTBNVEEwTXpNeldoZ1BNakExTlRBeE1qUXhNRFV6TXpOYQpNQTB4Q3pBSkJnTlZCQU1UQW1OaE1JSUNJakFOQmdrcWhraUc5dzBCQVFFRkFBT0NBZzhBTUlJQ0NnS0NBZ0VBCnJaUGFtTm9yM1NpSkRwU1A4MXZpeEVZT0JQemxvUEJIV3hDSzZ6OGNySTJjZk5FbWlFVElJNm1pQlQ0NHQ0VVMKbm0wa0RWR0JmQ3VydWFtZG5oRzM1RlkyclhaN0xqdWJ1czZrZ3UrM2dEcVBsYUhuT0ZJS3lEN0hqQisvL1VEKwo2Wm96Y3dBY3dzUGRHeS9sS3V4bTFSSkZHU3N1T3FielU0STR6NWVqRGF6aENkNkVSWU05RUJ0cHUrNVNabUFiCmpQVTA3MjdEczFiZ0JCQ3dxbTdydndhcUV6SXdYTC9OL2FqUFlXTFZ0ZlpYSS9IL2NucW9pcjMxSitLdjVlZnEKV0RFY29UdlRvNnI2UTZ3Q2pIZE5HRlhvV29hVUw1bi9TQzlzaktUQ0tucUxrRUlqOTFzOElrbVVvR1BROVM1Sgp1SzZYejVzdjhCNWhsWUs3b09GMnc5UlFwdjNVaEFnZmpDQlFhK1YyU2dyVGllVTlwRGhWTUFqQ0ZOM2RabWJpClJmYVRSRTkyUVh0QVk4RFQ5YVp4MGpRMFRuNjJHeFR0UkphZGg4N2dTOWp3WEQzNkViaDh2WmRocXM5ZFZ2TXYKVzc5cGhveEZIMHcycnlGVnBIWEdQOU9sWDRYQVRZeXl3bGQ2a2NBa1NGc25TMVByS1lnT2V5YkNQSy81cERONAo3cjA0T2FUUWRRMGNFMU9GV2xobEQ0WUZESENKQ0VHbUZDOFozVFkvQm9TVHd4VGlHRkZJR3JpYXRVZzU2TFZoCjBJVkJ6V0ZWWm16NVhRcXZZNUF6YzBQZ1d3OEhiejFNUlAwNGNqSzFMN0ErVisyakx4M2w1TmZUdHA5UlluVFAKZVI1RjBUVDE5b3A4Y2g1S00zVE5iOG5xY2ViYWxWVnl1cGNsUm16Vmdha0NBd0VBQWFOQ01FQXdEZ1lEVlIwUApBUUgvQkFRREFnS2tNQThHQTFVZEV3RUIvd1FGTUFNQkFmOHdIUVlEVlIwT0JCWUVGRGlmYkhqTnUyci80MFBVClB2Mkc3T29PS0tDRU1BMEdDU3FHU0liM0RRRUJDd1VBQTRJQ0FRQURYKzIyemlOSjduWjlVUUMxMVBjM3A5eTYKMkM2dDRhcnRsWWxTREFyZG50RUlXMktGclAySnZhZC9HTUdac0MvQXpUbFBhYnZrbDFrWDM3K1g2R2Y4YmJzOAozSkc1NzVUMExzYjkyTytkdUlFNlc3S3hycnZiSW5HV1g4WGtZZ2w2dzAvMVBvRGlVU2RJZmRsaEx2M1A5RWUzCkwrVFBOUmhQMWNDa3BqSE93dVd2b042M1RWWURBZUc5R2VjMUY0L2RBc3F2OHJzbFJUQUFPYk1ZWkQ1dEUyMlEKMGhaVTI4MTBDN0VmZGxWQ2JyMlFsM1VaOS8wVGU3eThVNGFWS1Z5RCtMUDkwL2tFSUhlbGg2WTVKNDVLa2VFOApXbDIvQTNxTGl5QnA1V3IrS3ZOTmIzUWZtZXBoQjZvRFZ0R0o5QkR0bkFGL29EdHdWSnhXL1diNzJVcTdWZHhaCmFaYW51WWZqVEtRQlFnVnhTVk9PSkxGbUt0S1RaYWFTUWJ4SERsL0s0Y1VjVUtmcVFmdTdjZHEzR3ZsQmlzZEsKVWppbzNxMVpFTk96VUlwYU9wRXBHZGVlSWRjOE1ZRnE2dWY0R1ZXYWE5dzZRZFQvVWFhQmJkYUkwZDlrYytaawo5T253eTR1cFNRWTlybnhVdDhOc3lvdEtDOWRoR0o1bUErM0JzUDBnZFVJN2g1UmdrU1ZMMVlSbUhyUEdqYXZPClRjVFB3WjZDZC9xZW02WkVReVZtdlp4RXFzTWJIYUsxZ3hrMFFJQXNHUlhZQ2FzY0ZSTmRGcHROSXFCRXZWTysKVzFCSys0MnZOV1lNdzNjYitxVzRGQnVCVDFaRDB4cFF3S1gzbE45MEp4Uk1qMjM2N25YY2xhc3Y2MXdER282NQpYbkYyRTNQbmd4SkVJR1A3M0E9PQotLS0tLUVORCBDRVJUSUZJQ0FURS0tLS0tCg==",
                "host": "https://aks-bxw1j18o.privatelink.swedencentral.azmk8s.io:443",
                "password": "",
                "username": "clusterUser_rg-lzaks-spoke-aks-cx-dev_aks-cluster"
              }
            ],
            "kube_config_raw": "apiVersion: v1\nclusters:\n- cluster:\n    certificate-authority-data: LS0tLS1CRUdJTiBDRVJUSUZJQ0FURS0tLS0tCk1JSUU2VENDQXRHZ0F3SUJBZ0lSQUtGdnpxYkdIWmM1VDFvZWhMWHZaUmN3RFFZSktvWklodmNOQVFFTEJRQXcKRFRFTE1Ba0dBMVVFQXhNQ1kyRXdJQmNOTWpVd01USTBNVEEwTXpNeldoZ1BNakExTlRBeE1qUXhNRFV6TXpOYQpNQTB4Q3pBSkJnTlZCQU1UQW1OaE1JSUNJakFOQmdrcWhraUc5dzBCQVFFRkFBT0NBZzhBTUlJQ0NnS0NBZ0VBCnJaUGFtTm9yM1NpSkRwU1A4MXZpeEVZT0JQemxvUEJIV3hDSzZ6OGNySTJjZk5FbWlFVElJNm1pQlQ0NHQ0VVMKbm0wa0RWR0JmQ3VydWFtZG5oRzM1RlkyclhaN0xqdWJ1czZrZ3UrM2dEcVBsYUhuT0ZJS3lEN0hqQisvL1VEKwo2Wm96Y3dBY3dzUGRHeS9sS3V4bTFSSkZHU3N1T3FielU0STR6NWVqRGF6aENkNkVSWU05RUJ0cHUrNVNabUFiCmpQVTA3MjdEczFiZ0JCQ3dxbTdydndhcUV6SXdYTC9OL2FqUFlXTFZ0ZlpYSS9IL2NucW9pcjMxSitLdjVlZnEKV0RFY29UdlRvNnI2UTZ3Q2pIZE5HRlhvV29hVUw1bi9TQzlzaktUQ0tucUxrRUlqOTFzOElrbVVvR1BROVM1Sgp1SzZYejVzdjhCNWhsWUs3b09GMnc5UlFwdjNVaEFnZmpDQlFhK1YyU2dyVGllVTlwRGhWTUFqQ0ZOM2RabWJpClJmYVRSRTkyUVh0QVk4RFQ5YVp4MGpRMFRuNjJHeFR0UkphZGg4N2dTOWp3WEQzNkViaDh2WmRocXM5ZFZ2TXYKVzc5cGhveEZIMHcycnlGVnBIWEdQOU9sWDRYQVRZeXl3bGQ2a2NBa1NGc25TMVByS1lnT2V5YkNQSy81cERONAo3cjA0T2FUUWRRMGNFMU9GV2xobEQ0WUZESENKQ0VHbUZDOFozVFkvQm9TVHd4VGlHRkZJR3JpYXRVZzU2TFZoCjBJVkJ6V0ZWWm16NVhRcXZZNUF6YzBQZ1d3OEhiejFNUlAwNGNqSzFMN0ErVisyakx4M2w1TmZUdHA5UlluVFAKZVI1RjBUVDE5b3A4Y2g1S00zVE5iOG5xY2ViYWxWVnl1cGNsUm16Vmdha0NBd0VBQWFOQ01FQXdEZ1lEVlIwUApBUUgvQkFRREFnS2tNQThHQTFVZEV3RUIvd1FGTUFNQkFmOHdIUVlEVlIwT0JCWUVGRGlmYkhqTnUyci80MFBVClB2Mkc3T29PS0tDRU1BMEdDU3FHU0liM0RRRUJDd1VBQTRJQ0FRQURYKzIyemlOSjduWjlVUUMxMVBjM3A5eTYKMkM2dDRhcnRsWWxTREFyZG50RUlXMktGclAySnZhZC9HTUdac0MvQXpUbFBhYnZrbDFrWDM3K1g2R2Y4YmJzOAozSkc1NzVUMExzYjkyTytkdUlFNlc3S3hycnZiSW5HV1g4WGtZZ2w2dzAvMVBvRGlVU2RJZmRsaEx2M1A5RWUzCkwrVFBOUmhQMWNDa3BqSE93dVd2b042M1RWWURBZUc5R2VjMUY0L2RBc3F2OHJzbFJUQUFPYk1ZWkQ1dEUyMlEKMGhaVTI4MTBDN0VmZGxWQ2JyMlFsM1VaOS8wVGU3eThVNGFWS1Z5RCtMUDkwL2tFSUhlbGg2WTVKNDVLa2VFOApXbDIvQTNxTGl5QnA1V3IrS3ZOTmIzUWZtZXBoQjZvRFZ0R0o5QkR0bkFGL29EdHdWSnhXL1diNzJVcTdWZHhaCmFaYW51WWZqVEtRQlFnVnhTVk9PSkxGbUt0S1RaYWFTUWJ4SERsL0s0Y1VjVUtmcVFmdTdjZHEzR3ZsQmlzZEsKVWppbzNxMVpFTk96VUlwYU9wRXBHZGVlSWRjOE1ZRnE2dWY0R1ZXYWE5dzZRZFQvVWFhQmJkYUkwZDlrYytaawo5T253eTR1cFNRWTlybnhVdDhOc3lvdEtDOWRoR0o1bUErM0JzUDBnZFVJN2g1UmdrU1ZMMVlSbUhyUEdqYXZPClRjVFB3WjZDZC9xZW02WkVReVZtdlp4RXFzTWJIYUsxZ3hrMFFJQXNHUlhZQ2FzY0ZSTmRGcHROSXFCRXZWTysKVzFCSys0MnZOV1lNdzNjYitxVzRGQnVCVDFaRDB4cFF3S1gzbE45MEp4Uk1qMjM2N25YY2xhc3Y2MXdER282NQpYbkYyRTNQbmd4SkVJR1A3M0E9PQotLS0tLUVORCBDRVJUSUZJQ0FURS0tLS0tCg==\n    server: https://aks-bxw1j18o.privatelink.swedencentral.azmk8s.io:443\n  name: aks-cluster\ncontexts:\n- context:\n    cluster: aks-cluster\n    user: clusterUser_rg-lzaks-spoke-aks-cx-dev_aks-cluster\n  name: aks-cluster\ncurrent-context: aks-cluster\nkind: Config\npreferences: {}\nusers:\n- name: clusterUser_rg-lzaks-spoke-aks-cx-dev_aks-cluster\n  user:\n    exec:\n      apiVersion: client.authentication.k8s.io/v1beta1\n      args:\n      - get-token\n      - --environment\n      - AzurePublicCloud\n      - --server-id\n      - 6dae42f8-4368-4678-94ff-3960e28e3630\n      - --client-id\n      - 80faf920-1908-4b52-b5ef-a8e7bedfc67a\n      - --tenant-id\n      - 93139d1e-a3c1-4d78-9ed5-878be090eba4\n      - --login\n      - devicecode\n      command: kubelogin\n      env: null\n      installHint: |2\n\n        kubelogin is not installed which is required to connect to AAD enabled cluster.\n\n        To learn more, please go to https://aka.ms/aks/kubelogin\n      provideClusterInfo: false\n",
            "kubelet_identity": [
              {
                "client_id": "1674e90b-9b70-4dd4-b349-c7daaf466e81",
                "object_id": "a397d742-14e6-4f22-a667-eec59747626d",
                "user_assigned_identity_id": "/subscriptions/dcef7009-6b94-4382-afdc-17eb160d709a/resourceGroups/rg-lzaks-spoke-aks-cx-dev/providers/Microsoft.ManagedIdentity/userAssignedIdentities/identity-kubelet"
              }
            ],
            "kubernetes_version": "1.31.3",
            "linux_profile": [],
            "local_account_disabled": true,
            "location": "swedencentral",
            "maintenance_window": [
              {
                "allowed": [
                  {
                    "day": "Saturday",
                    "hours": [
                      2,
                      8
                    ]
                  }
                ],
                "not_allowed": []
              }
            ],
            "maintenance_window_auto_upgrade": [
              {
                "day_of_month": 0,
                "day_of_week": "Monday",
                "duration": 9,
                "frequency": "Weekly",
                "interval": 1,
                "not_allowed": [
                  {
                    "end": "2025-01-02T00:00:00Z",
                    "start": "2025-01-01T00:00:00Z"
                  }
                ],
                "start_date": "2025-01-01T00:00:00Z",
                "start_time": "02:00",
                "utc_offset": "+01:00",
                "week_index": ""
              }
            ],
            "maintenance_window_node_os": [
              {
                "day_of_month": 0,
                "day_of_week": "Monday",
                "duration": 9,
                "frequency": "Weekly",
                "interval": 1,
                "not_allowed": [
                  {
                    "end": "2025-01-02T00:00:00Z",
                    "start": "2025-01-01T00:00:00Z"
                  }
                ],
                "start_date": "2025-01-01T00:00:00Z",
                "start_time": "02:00",
                "utc_offset": "+01:00",
                "week_index": ""
              }
            ],
            "microsoft_defender": [],
            "monitor_metrics": [
              {
                "annotations_allowed": "",
                "labels_allowed": ""
              }
            ],
            "name": "aks-cluster",
            "network_profile": [
              {
                "dns_service_ip": "10.0.0.10",
                "ip_versions": [
                  "IPv4"
                ],
                "load_balancer_profile": [
                  {
                    "backend_pool_type": "NodeIPConfiguration",
                    "effective_outbound_ips": [],
                    "idle_timeout_in_minutes": 0,
                    "managed_outbound_ip_count": 0,
                    "managed_outbound_ipv6_count": 0,
                    "outbound_ip_address_ids": [],
                    "outbound_ip_prefix_ids": [],
                    "outbound_ports_allocated": 0
                  }
                ],
                "load_balancer_sku": "standard",
                "nat_gateway_profile": [],
                "network_data_plane": "cilium",
                "network_mode": "",
                "network_plugin": "azure",
                "network_plugin_mode": "overlay",
                "network_policy": "cilium",
                "outbound_type": "userDefinedRouting",
                "pod_cidr": "10.10.240.0/20",
                "pod_cidrs": [
                  "10.10.240.0/20"
                ],
                "service_cidr": "10.0.0.0/16",
                "service_cidrs": [
                  "10.0.0.0/16"
                ]
              }
            ],
            "node_os_upgrade_channel": "NodeImage",
            "node_resource_group": "rg-lzaks-spoke-aks-cx-dev-nodes",
            "node_resource_group_id": "/subscriptions/dcef7009-6b94-4382-afdc-17eb160d709a/resourceGroups/rg-lzaks-spoke-aks-cx-dev-nodes",
            "oidc_issuer_enabled": true,
            "oidc_issuer_url": "https://swedencentral.oic.prod-aks.azure.com/93139d1e-a3c1-4d78-9ed5-878be090eba4/27363587-fa37-4054-bfaf-88e15dc39212/",
            "oms_agent": [
              {
                "log_analytics_workspace_id": "/subscriptions/dcef7009-6b94-4382-afdc-17eb160d709a/resourceGroups/rg-lzaks-management/providers/Microsoft.OperationalInsights/workspaces/loganalyticsforaks011",
                "msi_auth_for_monitoring_enabled": true,
                "oms_agent_identity": []
              }
            ],
            "open_service_mesh_enabled": false,
            "portal_fqdn": "75fa80ee95488d529a493cbf95463ae0-priv.portal.hcp.swedencentral.azmk8s.io",
            "private_cluster_enabled": true,
            "private_cluster_public_fqdn_enabled": false,
            "private_dns_zone_id": "/subscriptions/dcef7009-6b94-4382-afdc-17eb160d709a/resourceGroups/rg-lzaks-hub/providers/Microsoft.Network/privateDnsZones/privatelink.swedencentral.azmk8s.io",
            "private_fqdn": "aks-bxw1j18o.privatelink.swedencentral.azmk8s.io",
            "resource_group_name": "rg-lzaks-spoke-aks-cx-dev",
            "role_based_access_control_enabled": true,
            "run_command_enabled": false,
            "service_mesh_profile": [],
            "service_principal": [],
            "sku_tier": "Standard",
            "storage_profile": [
              {
                "blob_driver_enabled": true,
                "disk_driver_enabled": true,
                "file_driver_enabled": true,
                "snapshot_controller_enabled": true
              }
            ],
            "support_plan": "KubernetesOfficial",
            "tags": {
              "architecture": "Hub\u0026Spoke",
              "environment": "development",
              "source": "terraform"
            },
            "timeouts": null,
            "web_app_routing": [
              {
                "dns_zone_ids": [],
                "web_app_routing_identity": [
                  {
                    "client_id": "032199d5-36c0-4c26-9476-bbd6a3f900c1",
                    "object_id": "5cb1e83f-6ca8-4766-971a-d5b44363fca8",
                    "user_assigned_identity_id": "/subscriptions/dcef7009-6b94-4382-afdc-17eb160d709a/resourcegroups/rg-lzaks-spoke-aks-cx-dev-nodes/providers/Microsoft.ManagedIdentity/userAssignedIdentities/webapprouting-aks-cluster"
                  }
                ]
              }
            ],
            "windows_profile": [
              {
                "admin_password": "",
                "admin_username": "azureuser",
                "gmsa": [],
                "license": ""
              }
            ],
            "workload_autoscaler_profile": [
              {
                "keda_enabled": true,
                "vertical_pod_autoscaler_enabled": false
              }
            ],
            "workload_identity_enabled": true
          },
          "sensitive_attributes": [
            [
              {
                "type": "get_attr",
                "value": "kube_config"
              }
            ],
            [
              {
                "type": "get_attr",
                "value": "kube_config_raw"
              }
            ],
            [
              {
                "type": "get_attr",
                "value": "kube_admin_config"
              }
            ],
            [
              {
                "type": "get_attr",
                "value": "windows_profile"
              },
              {
                "type": "index",
                "value": {
                  "value": 0,
                  "type": "number"
                }
              },
              {
                "type": "get_attr",
                "value": "admin_password"
              }
            ],
            [
              {
                "type": "get_attr",
                "value": "kube_admin_config_raw"
              }
            ]
          ],
          "private": "eyJlMmJmYjczMC1lY2FhLTExZTYtOGY4OC0zNDM2M2JjN2M0YzAiOnsiY3JlYXRlIjo1NDAwMDAwMDAwMDAwLCJkZWxldGUiOjU0MDAwMDAwMDAwMDAsInJlYWQiOjMwMDAwMDAwMDAwMCwidXBkYXRlIjo1NDAwMDAwMDAwMDAwfSwic2NoZW1hX3ZlcnNpb24iOiIyIn0=",
          "dependencies": [
            "azurerm_resource_group.rg-dev",
            "data.azurerm_client_config.current",
            "data.terraform_remote_state.hub",
            "data.terraform_remote_state.management",
            "data.terraform_remote_state.spoke_aks",
            "module.aks-dev.azurerm_role_assignment.contributor",
            "module.aks-dev.azurerm_role_assignment.managed-identity-operator",
            "module.aks-dev.azurerm_role_assignment.network-contributor",
            "module.aks-dev.azurerm_role_assignment.private-dns-zone-contributor",
            "module.aks-dev.azurerm_user_assigned_identity.identity-aks",
            "module.aks-dev.azurerm_user_assigned_identity.identity-kubelet"
          ]
        }
      ]
    },
    {
      "module": "module.aks-dev",
      "mode": "managed",
      "type": "azurerm_kubernetes_cluster_node_pool",
      "name": "poolapps",
      "provider": "provider[\"registry.terraform.io/hashicorp/azurerm\"]",
      "instances": [
        {
          "index_key": "poolappsamd",
          "schema_version": 1,
          "attributes": {
            "auto_scaling_enabled": true,
            "capacity_reservation_group_id": "",
            "eviction_policy": "",
            "fips_enabled": false,
            "gpu_instance": null,
            "host_encryption_enabled": false,
            "host_group_id": "",
            "id": "/subscriptions/dcef7009-6b94-4382-afdc-17eb160d709a/resourceGroups/rg-lzaks-spoke-aks-cx-dev/providers/Microsoft.ContainerService/managedClusters/aks-cluster/agentPools/poolappsamd",
            "kubelet_config": [],
            "kubelet_disk_type": "OS",
            "kubernetes_cluster_id": "/subscriptions/dcef7009-6b94-4382-afdc-17eb160d709a/resourceGroups/rg-lzaks-spoke-aks-cx-dev/providers/Microsoft.ContainerService/managedClusters/aks-cluster",
            "linux_os_config": [],
            "max_count": 3,
            "max_pods": 110,
            "min_count": 1,
            "mode": "User",
            "name": "poolappsamd",
            "node_count": 1,
            "node_labels": {},
            "node_network_profile": [],
            "node_public_ip_enabled": false,
            "node_public_ip_prefix_id": "",
            "node_taints": null,
            "orchestrator_version": "1.31.3",
            "os_disk_size_gb": 60,
            "os_disk_type": "Managed",
            "os_sku": "Ubuntu",
            "os_type": "Linux",
            "pod_subnet_id": "",
            "priority": "Regular",
            "proximity_placement_group_id": "",
            "scale_down_mode": "Delete",
            "snapshot_id": null,
            "spot_max_price": -1,
            "tags": {
              "architecture": "Hub\u0026Spoke",
              "environment": "development",
              "source": "terraform"
            },
            "temporary_name_for_rotation": null,
            "timeouts": null,
            "ultra_ssd_enabled": false,
            "upgrade_settings": [
              {
                "drain_timeout_in_minutes": 0,
                "max_surge": "3",
                "node_soak_duration_in_minutes": 0
              }
            ],
            "vm_size": "Standard_D2s_v5",
            "vnet_subnet_id": "/subscriptions/dcef7009-6b94-4382-afdc-17eb160d709a/resourceGroups/rg-lzaks-spoke-aks-infra/providers/Microsoft.Network/virtualNetworks/vnet-spoke-aks/subnets/snet-aks",
            "windows_profile": [],
            "workload_runtime": "OCIContainer",
            "zones": [
              "1",
              "2",
              "3"
            ]
          },
          "sensitive_attributes": [],
          "private": "eyJlMmJmYjczMC1lY2FhLTExZTYtOGY4OC0zNDM2M2JjN2M0YzAiOnsiY3JlYXRlIjozNjAwMDAwMDAwMDAwLCJkZWxldGUiOjM2MDAwMDAwMDAwMDAsInJlYWQiOjMwMDAwMDAwMDAwMCwidXBkYXRlIjozNjAwMDAwMDAwMDAwfSwic2NoZW1hX3ZlcnNpb24iOiIxIn0=",
          "dependencies": [
            "azurerm_resource_group.rg-dev",
            "data.azurerm_client_config.current",
            "data.terraform_remote_state.hub",
            "data.terraform_remote_state.management",
            "data.terraform_remote_state.spoke_aks",
            "module.aks-dev.azurerm_kubernetes_cluster.aks",
            "module.aks-dev.azurerm_role_assignment.contributor",
            "module.aks-dev.azurerm_role_assignment.managed-identity-operator",
            "module.aks-dev.azurerm_role_assignment.network-contributor",
            "module.aks-dev.azurerm_role_assignment.private-dns-zone-contributor",
            "module.aks-dev.azurerm_user_assigned_identity.identity-aks",
            "module.aks-dev.azurerm_user_assigned_identity.identity-kubelet"
          ]
        }
      ]
    },
    {
      "module": "module.aks-dev",
      "mode": "managed",
      "type": "azurerm_monitor_data_collection_rule_association",
      "name": "dcra-dcr-log-analytics-aks",
      "provider": "provider[\"registry.terraform.io/hashicorp/azurerm\"]",
      "instances": [
        {
          "schema_version": 0,
          "attributes": {
            "data_collection_endpoint_id": "",
            "data_collection_rule_id": "/subscriptions/dcef7009-6b94-4382-afdc-17eb160d709a/resourceGroups/rg-lzaks-spoke-aks-cx-monitoring/providers/Microsoft.Insights/dataCollectionRules/dcr-log-analytics",
            "description": "",
            "id": "/subscriptions/dcef7009-6b94-4382-afdc-17eb160d709a/resourceGroups/rg-lzaks-spoke-aks-cx-dev/providers/Microsoft.ContainerService/managedClusters/aks-cluster/providers/Microsoft.Insights/dataCollectionRuleAssociations/dcra-dcr-log-analytics-aks",
            "name": "dcra-dcr-log-analytics-aks",
            "target_resource_id": "/subscriptions/dcef7009-6b94-4382-afdc-17eb160d709a/resourceGroups/rg-lzaks-spoke-aks-cx-dev/providers/Microsoft.ContainerService/managedClusters/aks-cluster",
            "timeouts": null
          },
          "sensitive_attributes": [],
          "private": "eyJlMmJmYjczMC1lY2FhLTExZTYtOGY4OC0zNDM2M2JjN2M0YzAiOnsiY3JlYXRlIjoxODAwMDAwMDAwMDAwLCJkZWxldGUiOjE4MDAwMDAwMDAwMDAsInJlYWQiOjMwMDAwMDAwMDAwMCwidXBkYXRlIjoxODAwMDAwMDAwMDAwfX0=",
          "dependencies": [
            "azurerm_monitor_data_collection_rule.dcr-log-analytics",
            "azurerm_resource_group.rg-dev",
            "azurerm_resource_group.rg-monitoring",
            "data.azurerm_client_config.current",
            "data.terraform_remote_state.hub",
            "data.terraform_remote_state.management",
            "data.terraform_remote_state.spoke_aks",
            "module.aks-dev.azurerm_kubernetes_cluster.aks",
            "module.aks-dev.azurerm_role_assignment.contributor",
            "module.aks-dev.azurerm_role_assignment.managed-identity-operator",
            "module.aks-dev.azurerm_role_assignment.network-contributor",
            "module.aks-dev.azurerm_role_assignment.private-dns-zone-contributor",
            "module.aks-dev.azurerm_user_assigned_identity.identity-aks",
            "module.aks-dev.azurerm_user_assigned_identity.identity-kubelet"
          ]
        }
      ]
    },
    {
      "module": "module.aks-dev",
      "mode": "managed",
      "type": "azurerm_monitor_diagnostic_setting",
      "name": "aks_diagnostic_settings",
      "provider": "provider[\"registry.terraform.io/hashicorp/azurerm\"]",
      "instances": [
        {
          "schema_version": 0,
          "attributes": {
            "enabled_log": [
              {
                "category": "cloud-controller-manager",
                "category_group": "",
                "retention_policy": []
              },
              {
                "category": "cluster-autoscaler",
                "category_group": "",
                "retention_policy": []
              },
              {
                "category": "csi-azuredisk-controller",
                "category_group": "",
                "retention_policy": []
              },
              {
                "category": "csi-azurefile-controller",
                "category_group": "",
                "retention_policy": []
              },
              {
                "category": "csi-snapshot-controller",
                "category_group": "",
                "retention_policy": []
              },
              {
                "category": "guard",
                "category_group": "",
                "retention_policy": []
              },
              {
                "category": "kube-apiserver",
                "category_group": "",
                "retention_policy": []
              },
              {
                "category": "kube-audit",
                "category_group": "",
                "retention_policy": []
              },
              {
                "category": "kube-audit-admin",
                "category_group": "",
                "retention_policy": []
              },
              {
                "category": "kube-controller-manager",
                "category_group": "",
                "retention_policy": []
              },
              {
                "category": "kube-scheduler",
                "category_group": "",
                "retention_policy": []
              }
            ],
            "eventhub_authorization_rule_id": "",
            "eventhub_name": "",
            "id": "/subscriptions/dcef7009-6b94-4382-afdc-17eb160d709a/resourceGroups/rg-lzaks-spoke-aks-cx-dev/providers/Microsoft.ContainerService/managedClusters/aks-cluster|aks-diagnostic-settings",
            "log_analytics_destination_type": "Dedicated",
            "log_analytics_workspace_id": "/subscriptions/dcef7009-6b94-4382-afdc-17eb160d709a/resourceGroups/rg-lzaks-management/providers/Microsoft.OperationalInsights/workspaces/loganalyticsforaks011",
            "metric": [
              {
                "category": "AllMetrics",
                "enabled": true,
                "retention_policy": []
              }
            ],
            "name": "aks-diagnostic-settings",
            "partner_solution_id": null,
            "storage_account_id": null,
            "target_resource_id": "/subscriptions/dcef7009-6b94-4382-afdc-17eb160d709a/resourceGroups/rg-lzaks-spoke-aks-cx-dev/providers/Microsoft.ContainerService/managedClusters/aks-cluster",
            "timeouts": null
          },
          "sensitive_attributes": [],
          "private": "eyJlMmJmYjczMC1lY2FhLTExZTYtOGY4OC0zNDM2M2JjN2M0YzAiOnsiY3JlYXRlIjoxODAwMDAwMDAwMDAwLCJkZWxldGUiOjM2MDAwMDAwMDAwMDAsInJlYWQiOjMwMDAwMDAwMDAwMCwidXBkYXRlIjoxODAwMDAwMDAwMDAwfX0=",
          "dependencies": [
            "azurerm_resource_group.rg-dev",
            "data.azurerm_client_config.current",
            "data.terraform_remote_state.hub",
            "data.terraform_remote_state.management",
            "data.terraform_remote_state.spoke_aks",
            "module.aks-dev.azurerm_kubernetes_cluster.aks",
            "module.aks-dev.azurerm_role_assignment.contributor",
            "module.aks-dev.azurerm_role_assignment.managed-identity-operator",
            "module.aks-dev.azurerm_role_assignment.network-contributor",
            "module.aks-dev.azurerm_role_assignment.private-dns-zone-contributor",
            "module.aks-dev.azurerm_user_assigned_identity.identity-aks",
            "module.aks-dev.azurerm_user_assigned_identity.identity-kubelet"
          ]
        }
      ]
    },
    {
      "module": "module.aks-dev",
      "mode": "managed",
      "type": "azurerm_role_assignment",
      "name": "acrpull",
      "provider": "provider[\"registry.terraform.io/hashicorp/azurerm\"]",
      "instances": [
        {
          "schema_version": 0,
          "attributes": {
            "condition": "",
            "condition_version": "",
            "delegated_managed_identity_resource_id": "",
            "description": "",
            "id": "/subscriptions/dcef7009-6b94-4382-afdc-17eb160d709a/resourceGroups/rg-lzaks-spoke-aks-infra/providers/Microsoft.ContainerRegistry/registries/acrforakstf01357/providers/Microsoft.Authorization/roleAssignments/891f101d-97f7-a372-b095-0866cfef4156",
            "name": "891f101d-97f7-a372-b095-0866cfef4156",
            "principal_id": "a397d742-14e6-4f22-a667-eec59747626d",
            "principal_type": "ServicePrincipal",
            "role_definition_id": "/subscriptions/dcef7009-6b94-4382-afdc-17eb160d709a/providers/Microsoft.Authorization/roleDefinitions/7f951dda-4ed3-4680-a7ca-43fe172d538d",
            "role_definition_name": "AcrPull",
            "scope": "/subscriptions/dcef7009-6b94-4382-afdc-17eb160d709a/resourceGroups/rg-lzaks-spoke-aks-infra/providers/Microsoft.ContainerRegistry/registries/acrforakstf01357",
            "skip_service_principal_aad_check": true,
            "timeouts": null
          },
          "sensitive_attributes": [],
          "private": "eyJlMmJmYjczMC1lY2FhLTExZTYtOGY4OC0zNDM2M2JjN2M0YzAiOnsiY3JlYXRlIjoxODAwMDAwMDAwMDAwLCJkZWxldGUiOjE4MDAwMDAwMDAwMDAsInJlYWQiOjMwMDAwMDAwMDAwMH19",
          "dependencies": [
            "azurerm_resource_group.rg-dev",
            "data.terraform_remote_state.spoke_aks",
            "module.aks-dev.azurerm_user_assigned_identity.identity-kubelet"
          ]
        }
      ]
    },
    {
      "module": "module.aks-dev",
      "mode": "managed",
      "type": "azurerm_role_assignment",
      "name": "azure-kubernetes-service-rbac-cluster-admin",
      "provider": "provider[\"registry.terraform.io/hashicorp/azurerm\"]",
      "instances": [
        {
          "schema_version": 0,
          "attributes": {
            "condition": "",
            "condition_version": "",
            "delegated_managed_identity_resource_id": "",
            "description": "",
            "id": "/subscriptions/dcef7009-6b94-4382-afdc-17eb160d709a/resourceGroups/rg-lzaks-spoke-aks-cx-dev/providers/Microsoft.ContainerService/managedClusters/aks-cluster/providers/Microsoft.Authorization/roleAssignments/a9b9c7b9-680c-f3a1-fa4c-ffd13c73aa75",
            "name": "a9b9c7b9-680c-f3a1-fa4c-ffd13c73aa75",
            "principal_id": "4b7dd737-3c00-430a-b76a-515e6faa5300",
            "principal_type": "Group",
            "role_definition_id": "/subscriptions/dcef7009-6b94-4382-afdc-17eb160d709a/providers/Microsoft.Authorization/roleDefinitions/b1ff04bb-8a4e-4dc4-8eb5-8693973ce19b",
            "role_definition_name": "Azure Kubernetes Service RBAC Cluster Admin",
            "scope": "/subscriptions/dcef7009-6b94-4382-afdc-17eb160d709a/resourceGroups/rg-lzaks-spoke-aks-cx-dev/providers/Microsoft.ContainerService/managedClusters/aks-cluster",
            "skip_service_principal_aad_check": true,
            "timeouts": null
          },
          "sensitive_attributes": [],
          "private": "eyJlMmJmYjczMC1lY2FhLTExZTYtOGY4OC0zNDM2M2JjN2M0YzAiOnsiY3JlYXRlIjoxODAwMDAwMDAwMDAwLCJkZWxldGUiOjE4MDAwMDAwMDAwMDAsInJlYWQiOjMwMDAwMDAwMDAwMH19",
          "dependencies": [
            "azuread_group.aks_admins",
            "azurerm_resource_group.rg-dev",
            "data.azurerm_client_config.current",
            "data.terraform_remote_state.hub",
            "data.terraform_remote_state.management",
            "data.terraform_remote_state.spoke_aks",
            "module.aks-dev.azurerm_kubernetes_cluster.aks",
            "module.aks-dev.azurerm_role_assignment.contributor",
            "module.aks-dev.azurerm_role_assignment.managed-identity-operator",
            "module.aks-dev.azurerm_role_assignment.network-contributor",
            "module.aks-dev.azurerm_role_assignment.private-dns-zone-contributor",
            "module.aks-dev.azurerm_user_assigned_identity.identity-aks",
            "module.aks-dev.azurerm_user_assigned_identity.identity-kubelet"
          ]
        }
      ]
    },
    {
      "module": "module.aks-dev",
      "mode": "managed",
      "type": "azurerm_role_assignment",
      "name": "contributor",
      "provider": "provider[\"registry.terraform.io/hashicorp/azurerm\"]",
      "instances": [
        {
          "schema_version": 0,
          "attributes": {
            "condition": "",
            "condition_version": "",
            "delegated_managed_identity_resource_id": "",
            "description": "",
            "id": "/subscriptions/dcef7009-6b94-4382-afdc-17eb160d709a/resourceGroups/rg-lzaks-spoke-aks-cx-dev/providers/Microsoft.Authorization/roleAssignments/08ef90be-2a21-a87c-b4b9-335d84073af3",
            "name": "08ef90be-2a21-a87c-b4b9-335d84073af3",
            "principal_id": "0eebe54e-387d-4a9a-83c5-7449ae3b9de1",
            "principal_type": "ServicePrincipal",
            "role_definition_id": "/subscriptions/dcef7009-6b94-4382-afdc-17eb160d709a/providers/Microsoft.Authorization/roleDefinitions/b24988ac-6180-42a0-ab88-20f7382dd24c",
            "role_definition_name": "Contributor",
            "scope": "/subscriptions/dcef7009-6b94-4382-afdc-17eb160d709a/resourceGroups/rg-lzaks-spoke-aks-cx-dev",
            "skip_service_principal_aad_check": true,
            "timeouts": null
          },
          "sensitive_attributes": [],
          "private": "eyJlMmJmYjczMC1lY2FhLTExZTYtOGY4OC0zNDM2M2JjN2M0YzAiOnsiY3JlYXRlIjoxODAwMDAwMDAwMDAwLCJkZWxldGUiOjE4MDAwMDAwMDAwMDAsInJlYWQiOjMwMDAwMDAwMDAwMH19",
          "dependencies": [
            "azurerm_resource_group.rg-dev",
            "module.aks-dev.azurerm_user_assigned_identity.identity-aks"
          ]
        }
      ]
    },
    {
      "module": "module.aks-dev",
      "mode": "managed",
      "type": "azurerm_role_assignment",
      "name": "managed-identity-operator",
      "provider": "provider[\"registry.terraform.io/hashicorp/azurerm\"]",
      "instances": [
        {
          "schema_version": 0,
          "attributes": {
            "condition": "",
            "condition_version": "",
            "delegated_managed_identity_resource_id": "",
            "description": "",
            "id": "/subscriptions/dcef7009-6b94-4382-afdc-17eb160d709a/resourceGroups/rg-lzaks-spoke-aks-cx-dev/providers/Microsoft.ManagedIdentity/userAssignedIdentities/identity-kubelet/providers/Microsoft.Authorization/roleAssignments/12e8f839-9817-c4fb-df66-83db081bd866",
            "name": "12e8f839-9817-c4fb-df66-83db081bd866",
            "principal_id": "0eebe54e-387d-4a9a-83c5-7449ae3b9de1",
            "principal_type": "ServicePrincipal",
            "role_definition_id": "/subscriptions/dcef7009-6b94-4382-afdc-17eb160d709a/providers/Microsoft.Authorization/roleDefinitions/f1a07417-d97a-45cb-824c-7a7467783830",
            "role_definition_name": "Managed Identity Operator",
            "scope": "/subscriptions/dcef7009-6b94-4382-afdc-17eb160d709a/resourceGroups/rg-lzaks-spoke-aks-cx-dev/providers/Microsoft.ManagedIdentity/userAssignedIdentities/identity-kubelet",
            "skip_service_principal_aad_check": true,
            "timeouts": null
          },
          "sensitive_attributes": [],
          "private": "eyJlMmJmYjczMC1lY2FhLTExZTYtOGY4OC0zNDM2M2JjN2M0YzAiOnsiY3JlYXRlIjoxODAwMDAwMDAwMDAwLCJkZWxldGUiOjE4MDAwMDAwMDAwMDAsInJlYWQiOjMwMDAwMDAwMDAwMH19",
          "dependencies": [
            "azurerm_resource_group.rg-dev",
            "module.aks-dev.azurerm_user_assigned_identity.identity-aks",
            "module.aks-dev.azurerm_user_assigned_identity.identity-kubelet"
          ]
        }
      ]
    },
    {
      "module": "module.aks-dev",
      "mode": "managed",
      "type": "azurerm_role_assignment",
      "name": "network-contributor",
      "provider": "provider[\"registry.terraform.io/hashicorp/azurerm\"]",
      "instances": [
        {
          "schema_version": 0,
          "attributes": {
            "condition": "",
            "condition_version": "",
            "delegated_managed_identity_resource_id": "",
            "description": "",
            "id": "/subscriptions/dcef7009-6b94-4382-afdc-17eb160d709a/resourceGroups/rg-lzaks-spoke-aks-infra/providers/Microsoft.Network/virtualNetworks/vnet-spoke-aks/providers/Microsoft.Authorization/roleAssignments/79d6079d-230f-3ed0-3957-5418ab08dd80",
            "name": "79d6079d-230f-3ed0-3957-5418ab08dd80",
            "principal_id": "0eebe54e-387d-4a9a-83c5-7449ae3b9de1",
            "principal_type": "ServicePrincipal",
            "role_definition_id": "/subscriptions/dcef7009-6b94-4382-afdc-17eb160d709a/providers/Microsoft.Authorization/roleDefinitions/4d97b98b-1d4f-4787-a291-c67834d212e7",
            "role_definition_name": "Network Contributor",
            "scope": "/subscriptions/dcef7009-6b94-4382-afdc-17eb160d709a/resourceGroups/rg-lzaks-spoke-aks-infra/providers/Microsoft.Network/virtualNetworks/vnet-spoke-aks",
            "skip_service_principal_aad_check": true,
            "timeouts": null
          },
          "sensitive_attributes": [],
          "private": "eyJlMmJmYjczMC1lY2FhLTExZTYtOGY4OC0zNDM2M2JjN2M0YzAiOnsiY3JlYXRlIjoxODAwMDAwMDAwMDAwLCJkZWxldGUiOjE4MDAwMDAwMDAwMDAsInJlYWQiOjMwMDAwMDAwMDAwMH19",
          "dependencies": [
            "azurerm_resource_group.rg-dev",
            "data.terraform_remote_state.spoke_aks",
            "module.aks-dev.azurerm_user_assigned_identity.identity-aks"
          ]
        }
      ]
    },
    {
      "module": "module.aks-dev",
      "mode": "managed",
      "type": "azurerm_role_assignment",
      "name": "private-dns-zone-contributor",
      "provider": "provider[\"registry.terraform.io/hashicorp/azurerm\"]",
      "instances": [
        {
          "schema_version": 0,
          "attributes": {
            "condition": "",
            "condition_version": "",
            "delegated_managed_identity_resource_id": "",
            "description": "",
            "id": "/subscriptions/dcef7009-6b94-4382-afdc-17eb160d709a/resourceGroups/rg-lzaks-hub/providers/Microsoft.Network/privateDnsZones/privatelink.swedencentral.azmk8s.io/providers/Microsoft.Authorization/roleAssignments/56ae0375-87e2-d753-ae02-6d0046119edc",
            "name": "56ae0375-87e2-d753-ae02-6d0046119edc",
            "principal_id": "0eebe54e-387d-4a9a-83c5-7449ae3b9de1",
            "principal_type": "ServicePrincipal",
            "role_definition_id": "/subscriptions/dcef7009-6b94-4382-afdc-17eb160d709a/providers/Microsoft.Authorization/roleDefinitions/b12aa53e-6015-4669-85d0-8515ebb3ae7f",
            "role_definition_name": "Private DNS Zone Contributor",
            "scope": "/subscriptions/dcef7009-6b94-4382-afdc-17eb160d709a/resourceGroups/rg-lzaks-hub/providers/Microsoft.Network/privateDnsZones/privatelink.swedencentral.azmk8s.io",
            "skip_service_principal_aad_check": true,
            "timeouts": null
          },
          "sensitive_attributes": [],
          "private": "eyJlMmJmYjczMC1lY2FhLTExZTYtOGY4OC0zNDM2M2JjN2M0YzAiOnsiY3JlYXRlIjoxODAwMDAwMDAwMDAwLCJkZWxldGUiOjE4MDAwMDAwMDAwMDAsInJlYWQiOjMwMDAwMDAwMDAwMH19",
          "dependencies": [
            "azurerm_resource_group.rg-dev",
            "data.terraform_remote_state.hub",
            "module.aks-dev.azurerm_user_assigned_identity.identity-aks"
          ]
        }
      ]
    },
    {
      "module": "module.aks-dev",
      "mode": "managed",
      "type": "azurerm_user_assigned_identity",
      "name": "identity-aks",
      "provider": "provider[\"registry.terraform.io/hashicorp/azurerm\"]",
      "instances": [
        {
          "schema_version": 1,
          "attributes": {
            "client_id": "a32305e4-3071-414e-8aec-e081fbaf7da9",
            "id": "/subscriptions/dcef7009-6b94-4382-afdc-17eb160d709a/resourceGroups/rg-lzaks-spoke-aks-cx-dev/providers/Microsoft.ManagedIdentity/userAssignedIdentities/identity-aks",
            "location": "swedencentral",
            "name": "identity-aks",
            "principal_id": "0eebe54e-387d-4a9a-83c5-7449ae3b9de1",
            "resource_group_name": "rg-lzaks-spoke-aks-cx-dev",
            "tags": {
              "architecture": "Hub\u0026Spoke",
              "environment": "development",
              "source": "terraform"
            },
            "tenant_id": "93139d1e-a3c1-4d78-9ed5-878be090eba4",
            "timeouts": null
          },
          "sensitive_attributes": [],
          "private": "eyJlMmJmYjczMC1lY2FhLTExZTYtOGY4OC0zNDM2M2JjN2M0YzAiOnsiY3JlYXRlIjoxODAwMDAwMDAwMDAwLCJkZWxldGUiOjE4MDAwMDAwMDAwMDAsInJlYWQiOjMwMDAwMDAwMDAwMCwidXBkYXRlIjoxODAwMDAwMDAwMDAwfSwic2NoZW1hX3ZlcnNpb24iOiIxIn0=",
          "dependencies": [
            "azurerm_resource_group.rg-dev"
          ]
        }
      ]
    },
    {
      "module": "module.aks-dev",
      "mode": "managed",
      "type": "azurerm_user_assigned_identity",
      "name": "identity-kubelet",
      "provider": "provider[\"registry.terraform.io/hashicorp/azurerm\"]",
      "instances": [
        {
          "schema_version": 1,
          "attributes": {
            "client_id": "1674e90b-9b70-4dd4-b349-c7daaf466e81",
            "id": "/subscriptions/dcef7009-6b94-4382-afdc-17eb160d709a/resourceGroups/rg-lzaks-spoke-aks-cx-dev/providers/Microsoft.ManagedIdentity/userAssignedIdentities/identity-kubelet",
            "location": "swedencentral",
            "name": "identity-kubelet",
            "principal_id": "a397d742-14e6-4f22-a667-eec59747626d",
            "resource_group_name": "rg-lzaks-spoke-aks-cx-dev",
            "tags": {
              "architecture": "Hub\u0026Spoke",
              "environment": "development",
              "source": "terraform"
            },
            "tenant_id": "93139d1e-a3c1-4d78-9ed5-878be090eba4",
            "timeouts": null
          },
          "sensitive_attributes": [],
          "private": "eyJlMmJmYjczMC1lY2FhLTExZTYtOGY4OC0zNDM2M2JjN2M0YzAiOnsiY3JlYXRlIjoxODAwMDAwMDAwMDAwLCJkZWxldGUiOjE4MDAwMDAwMDAwMDAsInJlYWQiOjMwMDAwMDAwMDAwMCwidXBkYXRlIjoxODAwMDAwMDAwMDAwfSwic2NoZW1hX3ZlcnNpb24iOiIxIn0=",
          "dependencies": [
            "azurerm_resource_group.rg-dev"
          ]
        }
      ]
    },
    {
      "module": "module.aks-prod",
      "mode": "managed",
      "type": "azurerm_kubernetes_cluster",
      "name": "aks",
      "provider": "provider[\"registry.terraform.io/hashicorp/azurerm\"]",
      "instances": [
        {
          "schema_version": 2,
          "attributes": {
            "aci_connector_linux": [],
            "api_server_access_profile": [],
            "auto_scaler_profile": [
              {
                "balance_similar_node_groups": false,
                "daemonset_eviction_for_empty_nodes_enabled": false,
                "daemonset_eviction_for_occupied_nodes_enabled": true,
                "empty_bulk_delete_max": "10",
                "expander": "random",
                "ignore_daemonsets_utilization_enabled": false,
                "max_graceful_termination_sec": "600",
                "max_node_provisioning_time": "15m",
                "max_unready_nodes": 3,
                "max_unready_percentage": 45,
                "new_pod_scale_up_delay": "10s",
                "scale_down_delay_after_add": "10m",
                "scale_down_delay_after_delete": "10s",
                "scale_down_delay_after_failure": "3m",
                "scale_down_unneeded": "10m",
                "scale_down_unready": "20m",
                "scale_down_utilization_threshold": "0.5",
                "scan_interval": "10s",
                "skip_nodes_with_local_storage": true,
                "skip_nodes_with_system_pods": true
              }
            ],
            "automatic_upgrade_channel": "node-image",
            "azure_active_directory_role_based_access_control": [
              {
                "admin_group_object_ids": null,
                "azure_rbac_enabled": true,
                "tenant_id": "93139d1e-a3c1-4d78-9ed5-878be090eba4"
              }
            ],
            "azure_policy_enabled": true,
            "confidential_computing": [],
            "cost_analysis_enabled": false,
            "current_kubernetes_version": "1.31.3",
            "default_node_pool": [
              {
                "auto_scaling_enabled": true,
                "capacity_reservation_group_id": "",
                "fips_enabled": false,
                "gpu_instance": "",
                "host_encryption_enabled": false,
                "host_group_id": "",
                "kubelet_config": [],
                "kubelet_disk_type": "OS",
                "linux_os_config": [],
                "max_count": 5,
                "max_pods": 110,
                "min_count": 2,
                "name": "systemnp",
                "node_count": 3,
                "node_labels": {},
                "node_network_profile": [],
                "node_public_ip_enabled": false,
                "node_public_ip_prefix_id": "",
                "only_critical_addons_enabled": true,
                "orchestrator_version": "1.31.3",
                "os_disk_size_gb": 128,
                "os_disk_type": "Managed",
                "os_sku": "Ubuntu",
                "pod_subnet_id": "",
                "proximity_placement_group_id": "",
                "scale_down_mode": "Deallocate",
                "snapshot_id": "",
                "tags": {
                  "architecture": "Hub\u0026Spoke",
                  "environment": "development",
                  "source": "terraform"
                },
                "temporary_name_for_rotation": "sysnptmp",
                "type": "VirtualMachineScaleSets",
                "ultra_ssd_enabled": false,
                "upgrade_settings": [
                  {
                    "drain_timeout_in_minutes": 0,
                    "max_surge": "10%",
                    "node_soak_duration_in_minutes": 0
                  }
                ],
                "vm_size": "Standard_D2s_v5",
                "vnet_subnet_id": "/subscriptions/dcef7009-6b94-4382-afdc-17eb160d709a/resourceGroups/rg-lzaks-spoke-aks-infra/providers/Microsoft.Network/virtualNetworks/vnet-spoke-aks/subnets/snet-aks",
                "workload_runtime": "OCIContainer",
                "zones": [
                  "1",
                  "2",
                  "3"
                ]
              }
            ],
            "disk_encryption_set_id": "",
            "dns_prefix": "aks",
            "dns_prefix_private_cluster": "",
            "edge_zone": "",
            "fqdn": "",
            "http_application_routing_enabled": false,
            "http_application_routing_zone_name": "",
            "http_proxy_config": [],
            "id": "/subscriptions/dcef7009-6b94-4382-afdc-17eb160d709a/resourceGroups/rg-lzaks-spoke-aks-cx-prod/providers/Microsoft.ContainerService/managedClusters/aks-cluster",
            "identity": [
              {
                "identity_ids": [
                  "/subscriptions/dcef7009-6b94-4382-afdc-17eb160d709a/resourceGroups/rg-lzaks-spoke-aks-cx-prod/providers/Microsoft.ManagedIdentity/userAssignedIdentities/identity-aks"
                ],
                "principal_id": "",
                "tenant_id": "",
                "type": "UserAssigned"
              }
            ],
            "image_cleaner_enabled": true,
            "image_cleaner_interval_hours": 24,
            "ingress_application_gateway": [],
            "key_management_service": [],
            "key_vault_secrets_provider": [
              {
                "secret_identity": [
                  {
                    "client_id": "3bfebff3-b78f-49f2-981f-d8835f7e89c7",
                    "object_id": "f4883f6a-8e8c-4acd-9944-328b28f4a718",
                    "user_assigned_identity_id": "/subscriptions/dcef7009-6b94-4382-afdc-17eb160d709a/resourcegroups/rg-lzaks-spoke-aks-cx-prod-nodes/providers/Microsoft.ManagedIdentity/userAssignedIdentities/azurekeyvaultsecretsprovider-aks-cluster"
                  }
                ],
                "secret_rotation_enabled": true,
                "secret_rotation_interval": "2m"
              }
            ],
            "kube_admin_config": [],
            "kube_admin_config_raw": "",
            "kube_config": [
              {
                "client_certificate": "",
                "client_key": "",
                "cluster_ca_certificate": "LS0tLS1CRUdJTiBDRVJUSUZJQ0FURS0tLS0tCk1JSUU2RENDQXRDZ0F3SUJBZ0lRYlNWZURYM0VWNVNzdFlDOUNzaElMakFOQmdrcWhraUc5dzBCQVFzRkFEQU4KTVFzd0NRWURWUVFERXdKallUQWdGdzB5TlRBeE1qUXhNRFF6TXpKYUdBOHlNRFUxTURFeU5ERXdOVE16TWxvdwpEVEVMTUFrR0ExVUVBeE1DWTJFd2dnSWlNQTBHQ1NxR1NJYjNEUUVCQVFVQUE0SUNEd0F3Z2dJS0FvSUNBUUR3CjNNMG1xZDFxQnl1K2wwUVJacDZaTHZrcG9VNDBSNW9LS044Nm1aRVdjNzNDUXp4amV5RnZpUEpSQ1hlcWlEN2IKVEdnZURsTHQ0cW9HbzhrN29nbkVJcFBBSVBDRjVSYWppTEczTWlpVU03RUd6cnBSMGpEWFlPOURlSElueTBlTwp2UmZZKzY5TUw3QjltLzMwRkVacjFlSWdTR1pxMVN6Q2F6eHJUWTZRbGJmN1JpT2VOams2L2N4NG5nYi9pczB4CmVsMWlWZkY3OFBDWFRIU3d1ZUYxWk5XMW40NG9ZaGY0WCtOYmVkKzJTRXZpcDREMHlNV1RwK3BlcTl0WUpERmkKMG5FYjZXM0lIR1BWREl5dVNZbzdHcjV0ZGcrMHZSTmlhSzJrck5kVDVCTHlydWkvRFNLR1NCcVNvU2lSS2trSApjcEJ5THdVU2diZDZ3SkdmU1BmdlRKT1FQMUoweHl6VDRZRUc5TmVOUTFqNFdCSU5QcW9VYnZZSmpNMTU3SEcxCmZBNEo3cTg5cW54VnFncnZOOERoaGI0YmgxKzZ3SDBMUGxQbFovU2VlYkRhWnVzejlpTjlnR2xmM2pZMlkzMUUKaG9ZR0FnMnRZUXFJVW92VlVIazNKaktvZEFBRXFpbEhRYjJmNHMwMXFhNDhiT1lNK2l0QkNiK2w3clptdTkzbwpSckdvTStWeTM4VHAxNEdhZXV3NFJjbDA0cjNCRHBpMXg2SysrMXJ6WXVXci83RlVDd2w5YkNNbGFXSFVwdzFWCkFHdGRJZlFLbWJ1Rnc0U3Vqd2J1T3A1dEt4TzFFeDdSbml6TXN2QnN5dDRIN0JFTUgwdUtMbUtaejM4eTF2OUkKenAxODI2Z0cxZUR1d3FWTkJjUzlQck02bDVVbFhvQUtQZVNJNXdlNTdRSURBUUFCbzBJd1FEQU9CZ05WSFE4QgpBZjhFQkFNQ0FxUXdEd1lEVlIwVEFRSC9CQVV3QXdFQi96QWRCZ05WSFE0RUZnUVVMQVpseHoySkQ1WmwxaXUzCnVySkpVMVZ2Ulhrd0RRWUpLb1pJaHZjTkFRRUxCUUFEZ2dJQkFCOXRHQktoTytKeHJpRnBzQVBpRnBHUWZxWE8KN0pxcHJOcDROTDRiTDZNMzZvMWVaUVlwMWw1aVVmWE1LMnJSamFSRzNURU5YMTkxWC9ZcURSekxXdlBCZXZQVgpQSERFTFQ3SnFXY1pOeEdwWmJKbk5oRWhxckM1R1AzSFdjaXlNLzhsOGJmZDBralQvM0g3K01QbUFYcVh0K3BlCmFvaFczWEdVSUVzL2ZQaFpKbmkwbzFQdVRtRGV2YUkyZEpuM3ZpdU5lcENYeW1jZXNRekYrVE9mWVBiRjJQci8KNCtiUDd3bU82aGNXdGVaS0hpemUzOXR0QXBQeGRsdFd6dEFLdDhrYkhFTmpST0h1M0ZUT2NkaHplK2FsVGRJZgo0cUZGUUJLYTZOWXg0ODV0TFM5Q0Q0c0RHWm9FdDlCK2p5dHZ6K0pjaGZERWxIejNzSStQWXVzclNmUVhpbTlLCmdWL0lQRHBQVW1LQ3NTNTVoa3hkTzF5UTZ1cEdXOFNpUjhubWx2NGdUVXpVUVFmVVllczNmNWJDc09LSGNUdzUKMUQxeU95OVRUL3FLUTI4WVYyYXYvcldmdXRDUlp5NklockN4cmZWU0dVL3JMaTNWd1JYdmFIN2dHVloybWhMTwo2b0cwNHY1Sm9KSnlhSmpBM2R3RGJYallheisvdEZmV2lxTUtSaThod21MemkvNTZlNnNVSmJJNkpzLzZTR05NCnVuYXZ2YU5Jb1RtaHFmN3VLS2lISnJTOEtzNjBnNm1nZk5VSTRUWllDL0tDbUFwWE9tZHpkMitjZDBIT0t1WDkKMVB2WnBiQTZETThpL2Jhcm8rYW5FMWcxVzJCSGY2cDNpSjMyajlzNHZjSzMxMk5sTnBObUNNbjM0MXlTTW5GTwpCSU5GZUk4NkdzYzFoa0pqCi0tLS0tRU5EIENFUlRJRklDQVRFLS0tLS0K",
                "host": "https://aks-0xsdhgvu.privatelink.swedencentral.azmk8s.io:443",
                "password": "",
                "username": "clusterUser_rg-lzaks-spoke-aks-cx-prod_aks-cluster"
              }
            ],
            "kube_config_raw": "apiVersion: v1\nclusters:\n- cluster:\n    certificate-authority-data: LS0tLS1CRUdJTiBDRVJUSUZJQ0FURS0tLS0tCk1JSUU2RENDQXRDZ0F3SUJBZ0lRYlNWZURYM0VWNVNzdFlDOUNzaElMakFOQmdrcWhraUc5dzBCQVFzRkFEQU4KTVFzd0NRWURWUVFERXdKallUQWdGdzB5TlRBeE1qUXhNRFF6TXpKYUdBOHlNRFUxTURFeU5ERXdOVE16TWxvdwpEVEVMTUFrR0ExVUVBeE1DWTJFd2dnSWlNQTBHQ1NxR1NJYjNEUUVCQVFVQUE0SUNEd0F3Z2dJS0FvSUNBUUR3CjNNMG1xZDFxQnl1K2wwUVJacDZaTHZrcG9VNDBSNW9LS044Nm1aRVdjNzNDUXp4amV5RnZpUEpSQ1hlcWlEN2IKVEdnZURsTHQ0cW9HbzhrN29nbkVJcFBBSVBDRjVSYWppTEczTWlpVU03RUd6cnBSMGpEWFlPOURlSElueTBlTwp2UmZZKzY5TUw3QjltLzMwRkVacjFlSWdTR1pxMVN6Q2F6eHJUWTZRbGJmN1JpT2VOams2L2N4NG5nYi9pczB4CmVsMWlWZkY3OFBDWFRIU3d1ZUYxWk5XMW40NG9ZaGY0WCtOYmVkKzJTRXZpcDREMHlNV1RwK3BlcTl0WUpERmkKMG5FYjZXM0lIR1BWREl5dVNZbzdHcjV0ZGcrMHZSTmlhSzJrck5kVDVCTHlydWkvRFNLR1NCcVNvU2lSS2trSApjcEJ5THdVU2diZDZ3SkdmU1BmdlRKT1FQMUoweHl6VDRZRUc5TmVOUTFqNFdCSU5QcW9VYnZZSmpNMTU3SEcxCmZBNEo3cTg5cW54VnFncnZOOERoaGI0YmgxKzZ3SDBMUGxQbFovU2VlYkRhWnVzejlpTjlnR2xmM2pZMlkzMUUKaG9ZR0FnMnRZUXFJVW92VlVIazNKaktvZEFBRXFpbEhRYjJmNHMwMXFhNDhiT1lNK2l0QkNiK2w3clptdTkzbwpSckdvTStWeTM4VHAxNEdhZXV3NFJjbDA0cjNCRHBpMXg2SysrMXJ6WXVXci83RlVDd2w5YkNNbGFXSFVwdzFWCkFHdGRJZlFLbWJ1Rnc0U3Vqd2J1T3A1dEt4TzFFeDdSbml6TXN2QnN5dDRIN0JFTUgwdUtMbUtaejM4eTF2OUkKenAxODI2Z0cxZUR1d3FWTkJjUzlQck02bDVVbFhvQUtQZVNJNXdlNTdRSURBUUFCbzBJd1FEQU9CZ05WSFE4QgpBZjhFQkFNQ0FxUXdEd1lEVlIwVEFRSC9CQVV3QXdFQi96QWRCZ05WSFE0RUZnUVVMQVpseHoySkQ1WmwxaXUzCnVySkpVMVZ2Ulhrd0RRWUpLb1pJaHZjTkFRRUxCUUFEZ2dJQkFCOXRHQktoTytKeHJpRnBzQVBpRnBHUWZxWE8KN0pxcHJOcDROTDRiTDZNMzZvMWVaUVlwMWw1aVVmWE1LMnJSamFSRzNURU5YMTkxWC9ZcURSekxXdlBCZXZQVgpQSERFTFQ3SnFXY1pOeEdwWmJKbk5oRWhxckM1R1AzSFdjaXlNLzhsOGJmZDBralQvM0g3K01QbUFYcVh0K3BlCmFvaFczWEdVSUVzL2ZQaFpKbmkwbzFQdVRtRGV2YUkyZEpuM3ZpdU5lcENYeW1jZXNRekYrVE9mWVBiRjJQci8KNCtiUDd3bU82aGNXdGVaS0hpemUzOXR0QXBQeGRsdFd6dEFLdDhrYkhFTmpST0h1M0ZUT2NkaHplK2FsVGRJZgo0cUZGUUJLYTZOWXg0ODV0TFM5Q0Q0c0RHWm9FdDlCK2p5dHZ6K0pjaGZERWxIejNzSStQWXVzclNmUVhpbTlLCmdWL0lQRHBQVW1LQ3NTNTVoa3hkTzF5UTZ1cEdXOFNpUjhubWx2NGdUVXpVUVFmVVllczNmNWJDc09LSGNUdzUKMUQxeU95OVRUL3FLUTI4WVYyYXYvcldmdXRDUlp5NklockN4cmZWU0dVL3JMaTNWd1JYdmFIN2dHVloybWhMTwo2b0cwNHY1Sm9KSnlhSmpBM2R3RGJYallheisvdEZmV2lxTUtSaThod21MemkvNTZlNnNVSmJJNkpzLzZTR05NCnVuYXZ2YU5Jb1RtaHFmN3VLS2lISnJTOEtzNjBnNm1nZk5VSTRUWllDL0tDbUFwWE9tZHpkMitjZDBIT0t1WDkKMVB2WnBiQTZETThpL2Jhcm8rYW5FMWcxVzJCSGY2cDNpSjMyajlzNHZjSzMxMk5sTnBObUNNbjM0MXlTTW5GTwpCSU5GZUk4NkdzYzFoa0pqCi0tLS0tRU5EIENFUlRJRklDQVRFLS0tLS0K\n    server: https://aks-0xsdhgvu.privatelink.swedencentral.azmk8s.io:443\n  name: aks-cluster\ncontexts:\n- context:\n    cluster: aks-cluster\n    user: clusterUser_rg-lzaks-spoke-aks-cx-prod_aks-cluster\n  name: aks-cluster\ncurrent-context: aks-cluster\nkind: Config\npreferences: {}\nusers:\n- name: clusterUser_rg-lzaks-spoke-aks-cx-prod_aks-cluster\n  user:\n    exec:\n      apiVersion: client.authentication.k8s.io/v1beta1\n      args:\n      - get-token\n      - --environment\n      - AzurePublicCloud\n      - --server-id\n      - 6dae42f8-4368-4678-94ff-3960e28e3630\n      - --client-id\n      - 80faf920-1908-4b52-b5ef-a8e7bedfc67a\n      - --tenant-id\n      - 93139d1e-a3c1-4d78-9ed5-878be090eba4\n      - --login\n      - devicecode\n      command: kubelogin\n      env: null\n      installHint: |2\n\n        kubelogin is not installed which is required to connect to AAD enabled cluster.\n\n        To learn more, please go to https://aka.ms/aks/kubelogin\n      provideClusterInfo: false\n",
            "kubelet_identity": [
              {
                "client_id": "07de1e2b-be90-4d33-8ccd-d378ffa4942c",
                "object_id": "27abfe97-8636-478e-9866-54ad68a03cb5",
                "user_assigned_identity_id": "/subscriptions/dcef7009-6b94-4382-afdc-17eb160d709a/resourceGroups/rg-lzaks-spoke-aks-cx-prod/providers/Microsoft.ManagedIdentity/userAssignedIdentities/identity-kubelet"
              }
            ],
            "kubernetes_version": "1.31.3",
            "linux_profile": [],
            "local_account_disabled": true,
            "location": "swedencentral",
            "maintenance_window": [
              {
                "allowed": [
                  {
                    "day": "Saturday",
                    "hours": [
                      2,
                      8
                    ]
                  }
                ],
                "not_allowed": []
              }
            ],
            "maintenance_window_auto_upgrade": [
              {
                "day_of_month": 0,
                "day_of_week": "Monday",
                "duration": 9,
                "frequency": "Weekly",
                "interval": 1,
                "not_allowed": [
                  {
                    "end": "2025-01-02T00:00:00Z",
                    "start": "2025-01-01T00:00:00Z"
                  }
                ],
                "start_date": "2025-01-01T00:00:00Z",
                "start_time": "02:00",
                "utc_offset": "+01:00",
                "week_index": ""
              }
            ],
            "maintenance_window_node_os": [
              {
                "day_of_month": 0,
                "day_of_week": "Monday",
                "duration": 9,
                "frequency": "Weekly",
                "interval": 1,
                "not_allowed": [
                  {
                    "end": "2025-01-02T00:00:00Z",
                    "start": "2025-01-01T00:00:00Z"
                  }
                ],
                "start_date": "2025-01-01T00:00:00Z",
                "start_time": "02:00",
                "utc_offset": "+01:00",
                "week_index": ""
              }
            ],
            "microsoft_defender": [],
            "monitor_metrics": [
              {
                "annotations_allowed": "",
                "labels_allowed": ""
              }
            ],
            "name": "aks-cluster",
            "network_profile": [
              {
                "dns_service_ip": "10.0.0.10",
                "ip_versions": [
                  "IPv4"
                ],
                "load_balancer_profile": [
                  {
                    "backend_pool_type": "NodeIPConfiguration",
                    "effective_outbound_ips": [],
                    "idle_timeout_in_minutes": 0,
                    "managed_outbound_ip_count": 0,
                    "managed_outbound_ipv6_count": 0,
                    "outbound_ip_address_ids": [],
                    "outbound_ip_prefix_ids": [],
                    "outbound_ports_allocated": 0
                  }
                ],
                "load_balancer_sku": "standard",
                "nat_gateway_profile": [],
                "network_data_plane": "cilium",
                "network_mode": "",
                "network_plugin": "azure",
                "network_plugin_mode": "overlay",
                "network_policy": "cilium",
                "outbound_type": "userDefinedRouting",
                "pod_cidr": "10.10.240.0/20",
                "pod_cidrs": [
                  "10.10.240.0/20"
                ],
                "service_cidr": "10.0.0.0/16",
                "service_cidrs": [
                  "10.0.0.0/16"
                ]
              }
            ],
            "node_os_upgrade_channel": "NodeImage",
            "node_resource_group": "rg-lzaks-spoke-aks-cx-prod-nodes",
            "node_resource_group_id": "/subscriptions/dcef7009-6b94-4382-afdc-17eb160d709a/resourceGroups/rg-lzaks-spoke-aks-cx-prod-nodes",
            "oidc_issuer_enabled": true,
            "oidc_issuer_url": "https://swedencentral.oic.prod-aks.azure.com/93139d1e-a3c1-4d78-9ed5-878be090eba4/a29c339f-86e8-46a2-8cdc-e5577be9f2c4/",
            "oms_agent": [
              {
                "log_analytics_workspace_id": "/subscriptions/dcef7009-6b94-4382-afdc-17eb160d709a/resourceGroups/rg-lzaks-management/providers/Microsoft.OperationalInsights/workspaces/loganalyticsforaks011",
                "msi_auth_for_monitoring_enabled": true,
                "oms_agent_identity": []
              }
            ],
            "open_service_mesh_enabled": false,
            "portal_fqdn": "b9b6e67f20325c2481b326bac7836710-priv.portal.hcp.swedencentral.azmk8s.io",
            "private_cluster_enabled": true,
            "private_cluster_public_fqdn_enabled": false,
            "private_dns_zone_id": "/subscriptions/dcef7009-6b94-4382-afdc-17eb160d709a/resourceGroups/rg-lzaks-hub/providers/Microsoft.Network/privateDnsZones/privatelink.swedencentral.azmk8s.io",
            "private_fqdn": "aks-0xsdhgvu.privatelink.swedencentral.azmk8s.io",
            "resource_group_name": "rg-lzaks-spoke-aks-cx-prod",
            "role_based_access_control_enabled": true,
            "run_command_enabled": false,
            "service_mesh_profile": [],
            "service_principal": [],
            "sku_tier": "Standard",
            "storage_profile": [
              {
                "blob_driver_enabled": true,
                "disk_driver_enabled": true,
                "file_driver_enabled": true,
                "snapshot_controller_enabled": true
              }
            ],
            "support_plan": "KubernetesOfficial",
            "tags": {
              "architecture": "Hub\u0026Spoke",
              "environment": "development",
              "source": "terraform"
            },
            "timeouts": null,
            "web_app_routing": [
              {
                "dns_zone_ids": [],
                "web_app_routing_identity": [
                  {
                    "client_id": "768224e1-606b-4dab-86ff-0842873485ac",
                    "object_id": "ae39e139-2b52-4b9a-a7d7-1cbca4aa0498",
                    "user_assigned_identity_id": "/subscriptions/dcef7009-6b94-4382-afdc-17eb160d709a/resourcegroups/rg-lzaks-spoke-aks-cx-prod-nodes/providers/Microsoft.ManagedIdentity/userAssignedIdentities/webapprouting-aks-cluster"
                  }
                ]
              }
            ],
            "windows_profile": [
              {
                "admin_password": "",
                "admin_username": "azureuser",
                "gmsa": [],
                "license": ""
              }
            ],
            "workload_autoscaler_profile": [
              {
                "keda_enabled": true,
                "vertical_pod_autoscaler_enabled": false
              }
            ],
            "workload_identity_enabled": true
          },
          "sensitive_attributes": [
            [
              {
                "type": "get_attr",
                "value": "windows_profile"
              },
              {
                "type": "index",
                "value": {
                  "value": 0,
                  "type": "number"
                }
              },
              {
                "type": "get_attr",
                "value": "admin_password"
              }
            ],
            [
              {
                "type": "get_attr",
                "value": "kube_admin_config"
              }
            ],
            [
              {
                "type": "get_attr",
                "value": "kube_admin_config_raw"
              }
            ],
            [
              {
                "type": "get_attr",
                "value": "kube_config"
              }
            ],
            [
              {
                "type": "get_attr",
                "value": "kube_config_raw"
              }
            ]
          ],
          "private": "eyJlMmJmYjczMC1lY2FhLTExZTYtOGY4OC0zNDM2M2JjN2M0YzAiOnsiY3JlYXRlIjo1NDAwMDAwMDAwMDAwLCJkZWxldGUiOjU0MDAwMDAwMDAwMDAsInJlYWQiOjMwMDAwMDAwMDAwMCwidXBkYXRlIjo1NDAwMDAwMDAwMDAwfSwic2NoZW1hX3ZlcnNpb24iOiIyIn0=",
          "dependencies": [
            "azurerm_resource_group.rg-prod",
            "data.azurerm_client_config.current",
            "data.terraform_remote_state.hub",
            "data.terraform_remote_state.management",
            "data.terraform_remote_state.spoke_aks",
            "module.aks-prod.azurerm_role_assignment.contributor",
            "module.aks-prod.azurerm_role_assignment.managed-identity-operator",
            "module.aks-prod.azurerm_role_assignment.network-contributor",
            "module.aks-prod.azurerm_role_assignment.private-dns-zone-contributor",
            "module.aks-prod.azurerm_user_assigned_identity.identity-aks",
            "module.aks-prod.azurerm_user_assigned_identity.identity-kubelet"
          ]
        }
      ]
    },
    {
      "module": "module.aks-prod",
      "mode": "managed",
      "type": "azurerm_kubernetes_cluster_node_pool",
      "name": "poolapps",
      "provider": "provider[\"registry.terraform.io/hashicorp/azurerm\"]",
      "instances": [
        {
          "index_key": "poolapps01",
          "schema_version": 1,
          "attributes": {
            "auto_scaling_enabled": true,
            "capacity_reservation_group_id": "",
            "eviction_policy": "",
            "fips_enabled": false,
            "gpu_instance": null,
            "host_encryption_enabled": false,
            "host_group_id": "",
            "id": "/subscriptions/dcef7009-6b94-4382-afdc-17eb160d709a/resourceGroups/rg-lzaks-spoke-aks-cx-prod/providers/Microsoft.ContainerService/managedClusters/aks-cluster/agentPools/poolapps01",
            "kubelet_config": [],
            "kubelet_disk_type": "OS",
            "kubernetes_cluster_id": "/subscriptions/dcef7009-6b94-4382-afdc-17eb160d709a/resourceGroups/rg-lzaks-spoke-aks-cx-prod/providers/Microsoft.ContainerService/managedClusters/aks-cluster",
            "linux_os_config": [],
            "max_count": 3,
            "max_pods": 110,
            "min_count": 1,
            "mode": "User",
            "name": "poolapps01",
            "node_count": 1,
            "node_labels": {},
            "node_network_profile": [],
            "node_public_ip_enabled": false,
            "node_public_ip_prefix_id": "",
            "node_taints": null,
            "orchestrator_version": "1.31.3",
            "os_disk_size_gb": 60,
            "os_disk_type": "Managed",
            "os_sku": "Ubuntu",
            "os_type": "Linux",
            "pod_subnet_id": "",
            "priority": "Regular",
            "proximity_placement_group_id": "",
            "scale_down_mode": "Delete",
            "snapshot_id": null,
            "spot_max_price": -1,
            "tags": {
              "architecture": "Hub\u0026Spoke",
              "environment": "development",
              "source": "terraform"
            },
            "temporary_name_for_rotation": null,
            "timeouts": null,
            "ultra_ssd_enabled": false,
            "upgrade_settings": [
              {
                "drain_timeout_in_minutes": 0,
                "max_surge": "3",
                "node_soak_duration_in_minutes": 0
              }
            ],
            "vm_size": "Standard_D2s_v5",
            "vnet_subnet_id": "/subscriptions/dcef7009-6b94-4382-afdc-17eb160d709a/resourceGroups/rg-lzaks-spoke-aks-infra/providers/Microsoft.Network/virtualNetworks/vnet-spoke-aks/subnets/snet-aks",
            "windows_profile": [],
            "workload_runtime": "OCIContainer",
            "zones": [
              "1",
              "2",
              "3"
            ]
          },
          "sensitive_attributes": [],
          "private": "eyJlMmJmYjczMC1lY2FhLTExZTYtOGY4OC0zNDM2M2JjN2M0YzAiOnsiY3JlYXRlIjozNjAwMDAwMDAwMDAwLCJkZWxldGUiOjM2MDAwMDAwMDAwMDAsInJlYWQiOjMwMDAwMDAwMDAwMCwidXBkYXRlIjozNjAwMDAwMDAwMDAwfSwic2NoZW1hX3ZlcnNpb24iOiIxIn0=",
          "dependencies": [
            "azurerm_resource_group.rg-prod",
            "data.azurerm_client_config.current",
            "data.terraform_remote_state.hub",
            "data.terraform_remote_state.management",
            "data.terraform_remote_state.spoke_aks",
            "module.aks-prod.azurerm_kubernetes_cluster.aks",
            "module.aks-prod.azurerm_role_assignment.contributor",
            "module.aks-prod.azurerm_role_assignment.managed-identity-operator",
            "module.aks-prod.azurerm_role_assignment.network-contributor",
            "module.aks-prod.azurerm_role_assignment.private-dns-zone-contributor",
            "module.aks-prod.azurerm_user_assigned_identity.identity-aks",
            "module.aks-prod.azurerm_user_assigned_identity.identity-kubelet"
          ]
        }
      ]
    },
    {
      "module": "module.aks-prod",
      "mode": "managed",
      "type": "azurerm_monitor_data_collection_rule_association",
      "name": "dcra-dcr-log-analytics-aks",
      "provider": "provider[\"registry.terraform.io/hashicorp/azurerm\"]",
      "instances": [
        {
          "schema_version": 0,
          "attributes": {
            "data_collection_endpoint_id": "",
            "data_collection_rule_id": "/subscriptions/dcef7009-6b94-4382-afdc-17eb160d709a/resourceGroups/rg-lzaks-spoke-aks-cx-monitoring/providers/Microsoft.Insights/dataCollectionRules/dcr-log-analytics",
            "description": "",
            "id": "/subscriptions/dcef7009-6b94-4382-afdc-17eb160d709a/resourceGroups/rg-lzaks-spoke-aks-cx-prod/providers/Microsoft.ContainerService/managedClusters/aks-cluster/providers/Microsoft.Insights/dataCollectionRuleAssociations/dcra-dcr-log-analytics-aks",
            "name": "dcra-dcr-log-analytics-aks",
            "target_resource_id": "/subscriptions/dcef7009-6b94-4382-afdc-17eb160d709a/resourceGroups/rg-lzaks-spoke-aks-cx-prod/providers/Microsoft.ContainerService/managedClusters/aks-cluster",
            "timeouts": null
          },
          "sensitive_attributes": [],
          "private": "eyJlMmJmYjczMC1lY2FhLTExZTYtOGY4OC0zNDM2M2JjN2M0YzAiOnsiY3JlYXRlIjoxODAwMDAwMDAwMDAwLCJkZWxldGUiOjE4MDAwMDAwMDAwMDAsInJlYWQiOjMwMDAwMDAwMDAwMCwidXBkYXRlIjoxODAwMDAwMDAwMDAwfX0=",
          "dependencies": [
            "azurerm_monitor_data_collection_rule.dcr-log-analytics",
            "azurerm_resource_group.rg-monitoring",
            "azurerm_resource_group.rg-prod",
            "data.azurerm_client_config.current",
            "data.terraform_remote_state.hub",
            "data.terraform_remote_state.management",
            "data.terraform_remote_state.spoke_aks",
            "module.aks-prod.azurerm_kubernetes_cluster.aks",
            "module.aks-prod.azurerm_role_assignment.contributor",
            "module.aks-prod.azurerm_role_assignment.managed-identity-operator",
            "module.aks-prod.azurerm_role_assignment.network-contributor",
            "module.aks-prod.azurerm_role_assignment.private-dns-zone-contributor",
            "module.aks-prod.azurerm_user_assigned_identity.identity-aks",
            "module.aks-prod.azurerm_user_assigned_identity.identity-kubelet"
          ]
        }
      ]
    },
    {
      "module": "module.aks-prod",
      "mode": "managed",
      "type": "azurerm_monitor_diagnostic_setting",
      "name": "aks_diagnostic_settings",
      "provider": "provider[\"registry.terraform.io/hashicorp/azurerm\"]",
      "instances": [
        {
          "schema_version": 0,
          "attributes": {
            "enabled_log": [
              {
                "category": "cloud-controller-manager",
                "category_group": "",
                "retention_policy": []
              },
              {
                "category": "cluster-autoscaler",
                "category_group": "",
                "retention_policy": []
              },
              {
                "category": "csi-azuredisk-controller",
                "category_group": "",
                "retention_policy": []
              },
              {
                "category": "csi-azurefile-controller",
                "category_group": "",
                "retention_policy": []
              },
              {
                "category": "csi-snapshot-controller",
                "category_group": "",
                "retention_policy": []
              },
              {
                "category": "guard",
                "category_group": "",
                "retention_policy": []
              },
              {
                "category": "kube-apiserver",
                "category_group": "",
                "retention_policy": []
              },
              {
                "category": "kube-audit",
                "category_group": "",
                "retention_policy": []
              },
              {
                "category": "kube-audit-admin",
                "category_group": "",
                "retention_policy": []
              },
              {
                "category": "kube-controller-manager",
                "category_group": "",
                "retention_policy": []
              },
              {
                "category": "kube-scheduler",
                "category_group": "",
                "retention_policy": []
              }
            ],
            "eventhub_authorization_rule_id": "",
            "eventhub_name": "",
            "id": "/subscriptions/dcef7009-6b94-4382-afdc-17eb160d709a/resourceGroups/rg-lzaks-spoke-aks-cx-prod/providers/Microsoft.ContainerService/managedClusters/aks-cluster|aks-diagnostic-settings",
            "log_analytics_destination_type": "Dedicated",
            "log_analytics_workspace_id": "/subscriptions/dcef7009-6b94-4382-afdc-17eb160d709a/resourceGroups/rg-lzaks-management/providers/Microsoft.OperationalInsights/workspaces/loganalyticsforaks011",
            "metric": [
              {
                "category": "AllMetrics",
                "enabled": true,
                "retention_policy": []
              }
            ],
            "name": "aks-diagnostic-settings",
            "partner_solution_id": null,
            "storage_account_id": null,
            "target_resource_id": "/subscriptions/dcef7009-6b94-4382-afdc-17eb160d709a/resourceGroups/rg-lzaks-spoke-aks-cx-prod/providers/Microsoft.ContainerService/managedClusters/aks-cluster",
            "timeouts": null
          },
          "sensitive_attributes": [],
          "private": "eyJlMmJmYjczMC1lY2FhLTExZTYtOGY4OC0zNDM2M2JjN2M0YzAiOnsiY3JlYXRlIjoxODAwMDAwMDAwMDAwLCJkZWxldGUiOjM2MDAwMDAwMDAwMDAsInJlYWQiOjMwMDAwMDAwMDAwMCwidXBkYXRlIjoxODAwMDAwMDAwMDAwfX0=",
          "dependencies": [
            "azurerm_resource_group.rg-prod",
            "data.azurerm_client_config.current",
            "data.terraform_remote_state.hub",
            "data.terraform_remote_state.management",
            "data.terraform_remote_state.spoke_aks",
            "module.aks-prod.azurerm_kubernetes_cluster.aks",
            "module.aks-prod.azurerm_role_assignment.contributor",
            "module.aks-prod.azurerm_role_assignment.managed-identity-operator",
            "module.aks-prod.azurerm_role_assignment.network-contributor",
            "module.aks-prod.azurerm_role_assignment.private-dns-zone-contributor",
            "module.aks-prod.azurerm_user_assigned_identity.identity-aks",
            "module.aks-prod.azurerm_user_assigned_identity.identity-kubelet"
          ]
        }
      ]
    },
    {
      "module": "module.aks-prod",
      "mode": "managed",
      "type": "azurerm_role_assignment",
      "name": "acrpull",
      "provider": "provider[\"registry.terraform.io/hashicorp/azurerm\"]",
      "instances": [
        {
          "schema_version": 0,
          "attributes": {
            "condition": "",
            "condition_version": "",
            "delegated_managed_identity_resource_id": "",
            "description": "",
            "id": "/subscriptions/dcef7009-6b94-4382-afdc-17eb160d709a/resourceGroups/rg-lzaks-spoke-aks-infra/providers/Microsoft.ContainerRegistry/registries/acrforakstf01357/providers/Microsoft.Authorization/roleAssignments/f1ea592b-8432-899b-dce2-726345c60eef",
            "name": "f1ea592b-8432-899b-dce2-726345c60eef",
            "principal_id": "27abfe97-8636-478e-9866-54ad68a03cb5",
            "principal_type": "ServicePrincipal",
            "role_definition_id": "/subscriptions/dcef7009-6b94-4382-afdc-17eb160d709a/providers/Microsoft.Authorization/roleDefinitions/7f951dda-4ed3-4680-a7ca-43fe172d538d",
            "role_definition_name": "AcrPull",
            "scope": "/subscriptions/dcef7009-6b94-4382-afdc-17eb160d709a/resourceGroups/rg-lzaks-spoke-aks-infra/providers/Microsoft.ContainerRegistry/registries/acrforakstf01357",
            "skip_service_principal_aad_check": true,
            "timeouts": null
          },
          "sensitive_attributes": [],
          "private": "eyJlMmJmYjczMC1lY2FhLTExZTYtOGY4OC0zNDM2M2JjN2M0YzAiOnsiY3JlYXRlIjoxODAwMDAwMDAwMDAwLCJkZWxldGUiOjE4MDAwMDAwMDAwMDAsInJlYWQiOjMwMDAwMDAwMDAwMH19",
          "dependencies": [
            "azurerm_resource_group.rg-prod",
            "data.terraform_remote_state.spoke_aks",
            "module.aks-prod.azurerm_user_assigned_identity.identity-kubelet"
          ]
        }
      ]
    },
    {
      "module": "module.aks-prod",
      "mode": "managed",
      "type": "azurerm_role_assignment",
      "name": "azure-kubernetes-service-rbac-cluster-admin",
      "provider": "provider[\"registry.terraform.io/hashicorp/azurerm\"]",
      "instances": [
        {
          "schema_version": 0,
          "attributes": {
            "condition": "",
            "condition_version": "",
            "delegated_managed_identity_resource_id": "",
            "description": "",
            "id": "/subscriptions/dcef7009-6b94-4382-afdc-17eb160d709a/resourceGroups/rg-lzaks-spoke-aks-cx-prod/providers/Microsoft.ContainerService/managedClusters/aks-cluster/providers/Microsoft.Authorization/roleAssignments/112fed0d-18c2-7522-d7db-e8eed39d56c4",
            "name": "112fed0d-18c2-7522-d7db-e8eed39d56c4",
            "principal_id": "4b7dd737-3c00-430a-b76a-515e6faa5300",
            "principal_type": "Group",
            "role_definition_id": "/subscriptions/dcef7009-6b94-4382-afdc-17eb160d709a/providers/Microsoft.Authorization/roleDefinitions/b1ff04bb-8a4e-4dc4-8eb5-8693973ce19b",
            "role_definition_name": "Azure Kubernetes Service RBAC Cluster Admin",
            "scope": "/subscriptions/dcef7009-6b94-4382-afdc-17eb160d709a/resourceGroups/rg-lzaks-spoke-aks-cx-prod/providers/Microsoft.ContainerService/managedClusters/aks-cluster",
            "skip_service_principal_aad_check": true,
            "timeouts": null
          },
          "sensitive_attributes": [],
          "private": "eyJlMmJmYjczMC1lY2FhLTExZTYtOGY4OC0zNDM2M2JjN2M0YzAiOnsiY3JlYXRlIjoxODAwMDAwMDAwMDAwLCJkZWxldGUiOjE4MDAwMDAwMDAwMDAsInJlYWQiOjMwMDAwMDAwMDAwMH19",
          "dependencies": [
            "azuread_group.aks_admins",
            "azurerm_resource_group.rg-prod",
            "data.azurerm_client_config.current",
            "data.terraform_remote_state.hub",
            "data.terraform_remote_state.management",
            "data.terraform_remote_state.spoke_aks",
            "module.aks-prod.azurerm_kubernetes_cluster.aks",
            "module.aks-prod.azurerm_role_assignment.contributor",
            "module.aks-prod.azurerm_role_assignment.managed-identity-operator",
            "module.aks-prod.azurerm_role_assignment.network-contributor",
            "module.aks-prod.azurerm_role_assignment.private-dns-zone-contributor",
            "module.aks-prod.azurerm_user_assigned_identity.identity-aks",
            "module.aks-prod.azurerm_user_assigned_identity.identity-kubelet"
          ]
        }
      ]
    },
    {
      "module": "module.aks-prod",
      "mode": "managed",
      "type": "azurerm_role_assignment",
      "name": "contributor",
      "provider": "provider[\"registry.terraform.io/hashicorp/azurerm\"]",
      "instances": [
        {
          "schema_version": 0,
          "attributes": {
            "condition": "",
            "condition_version": "",
            "delegated_managed_identity_resource_id": "",
            "description": "",
            "id": "/subscriptions/dcef7009-6b94-4382-afdc-17eb160d709a/resourceGroups/rg-lzaks-spoke-aks-cx-prod/providers/Microsoft.Authorization/roleAssignments/33d7fe78-3a42-811f-1dfa-b8b4f8abcddb",
            "name": "33d7fe78-3a42-811f-1dfa-b8b4f8abcddb",
            "principal_id": "6783c72f-8579-462a-8134-53431ba2fe50",
            "principal_type": "ServicePrincipal",
            "role_definition_id": "/subscriptions/dcef7009-6b94-4382-afdc-17eb160d709a/providers/Microsoft.Authorization/roleDefinitions/b24988ac-6180-42a0-ab88-20f7382dd24c",
            "role_definition_name": "Contributor",
            "scope": "/subscriptions/dcef7009-6b94-4382-afdc-17eb160d709a/resourceGroups/rg-lzaks-spoke-aks-cx-prod",
            "skip_service_principal_aad_check": true,
            "timeouts": null
          },
          "sensitive_attributes": [],
          "private": "eyJlMmJmYjczMC1lY2FhLTExZTYtOGY4OC0zNDM2M2JjN2M0YzAiOnsiY3JlYXRlIjoxODAwMDAwMDAwMDAwLCJkZWxldGUiOjE4MDAwMDAwMDAwMDAsInJlYWQiOjMwMDAwMDAwMDAwMH19",
          "dependencies": [
            "azurerm_resource_group.rg-prod",
            "module.aks-prod.azurerm_user_assigned_identity.identity-aks"
          ]
        }
      ]
    },
    {
      "module": "module.aks-prod",
      "mode": "managed",
      "type": "azurerm_role_assignment",
      "name": "managed-identity-operator",
      "provider": "provider[\"registry.terraform.io/hashicorp/azurerm\"]",
      "instances": [
        {
          "schema_version": 0,
          "attributes": {
            "condition": "",
            "condition_version": "",
            "delegated_managed_identity_resource_id": "",
            "description": "",
            "id": "/subscriptions/dcef7009-6b94-4382-afdc-17eb160d709a/resourceGroups/rg-lzaks-spoke-aks-cx-prod/providers/Microsoft.ManagedIdentity/userAssignedIdentities/identity-kubelet/providers/Microsoft.Authorization/roleAssignments/e45a1d80-8246-9a76-c0e5-221b2f6f6f78",
            "name": "e45a1d80-8246-9a76-c0e5-221b2f6f6f78",
            "principal_id": "6783c72f-8579-462a-8134-53431ba2fe50",
            "principal_type": "ServicePrincipal",
            "role_definition_id": "/subscriptions/dcef7009-6b94-4382-afdc-17eb160d709a/providers/Microsoft.Authorization/roleDefinitions/f1a07417-d97a-45cb-824c-7a7467783830",
            "role_definition_name": "Managed Identity Operator",
            "scope": "/subscriptions/dcef7009-6b94-4382-afdc-17eb160d709a/resourceGroups/rg-lzaks-spoke-aks-cx-prod/providers/Microsoft.ManagedIdentity/userAssignedIdentities/identity-kubelet",
            "skip_service_principal_aad_check": true,
            "timeouts": null
          },
          "sensitive_attributes": [],
          "private": "eyJlMmJmYjczMC1lY2FhLTExZTYtOGY4OC0zNDM2M2JjN2M0YzAiOnsiY3JlYXRlIjoxODAwMDAwMDAwMDAwLCJkZWxldGUiOjE4MDAwMDAwMDAwMDAsInJlYWQiOjMwMDAwMDAwMDAwMH19",
          "dependencies": [
            "azurerm_resource_group.rg-prod",
            "module.aks-prod.azurerm_user_assigned_identity.identity-aks",
            "module.aks-prod.azurerm_user_assigned_identity.identity-kubelet"
          ]
        }
      ]
    },
    {
      "module": "module.aks-prod",
      "mode": "managed",
      "type": "azurerm_role_assignment",
      "name": "network-contributor",
      "provider": "provider[\"registry.terraform.io/hashicorp/azurerm\"]",
      "instances": [
        {
          "schema_version": 0,
          "attributes": {
            "condition": "",
            "condition_version": "",
            "delegated_managed_identity_resource_id": "",
            "description": "",
            "id": "/subscriptions/dcef7009-6b94-4382-afdc-17eb160d709a/resourceGroups/rg-lzaks-spoke-aks-infra/providers/Microsoft.Network/virtualNetworks/vnet-spoke-aks/providers/Microsoft.Authorization/roleAssignments/52507104-c83a-1326-aa27-cd4897937875",
            "name": "52507104-c83a-1326-aa27-cd4897937875",
            "principal_id": "6783c72f-8579-462a-8134-53431ba2fe50",
            "principal_type": "ServicePrincipal",
            "role_definition_id": "/subscriptions/dcef7009-6b94-4382-afdc-17eb160d709a/providers/Microsoft.Authorization/roleDefinitions/4d97b98b-1d4f-4787-a291-c67834d212e7",
            "role_definition_name": "Network Contributor",
            "scope": "/subscriptions/dcef7009-6b94-4382-afdc-17eb160d709a/resourceGroups/rg-lzaks-spoke-aks-infra/providers/Microsoft.Network/virtualNetworks/vnet-spoke-aks",
            "skip_service_principal_aad_check": true,
            "timeouts": null
          },
          "sensitive_attributes": [],
          "private": "eyJlMmJmYjczMC1lY2FhLTExZTYtOGY4OC0zNDM2M2JjN2M0YzAiOnsiY3JlYXRlIjoxODAwMDAwMDAwMDAwLCJkZWxldGUiOjE4MDAwMDAwMDAwMDAsInJlYWQiOjMwMDAwMDAwMDAwMH19",
          "dependencies": [
            "azurerm_resource_group.rg-prod",
            "data.terraform_remote_state.spoke_aks",
            "module.aks-prod.azurerm_user_assigned_identity.identity-aks"
          ]
        }
      ]
    },
    {
      "module": "module.aks-prod",
      "mode": "managed",
      "type": "azurerm_role_assignment",
      "name": "private-dns-zone-contributor",
      "provider": "provider[\"registry.terraform.io/hashicorp/azurerm\"]",
      "instances": [
        {
          "schema_version": 0,
          "attributes": {
            "condition": "",
            "condition_version": "",
            "delegated_managed_identity_resource_id": "",
            "description": "",
            "id": "/subscriptions/dcef7009-6b94-4382-afdc-17eb160d709a/resourceGroups/rg-lzaks-hub/providers/Microsoft.Network/privateDnsZones/privatelink.swedencentral.azmk8s.io/providers/Microsoft.Authorization/roleAssignments/df5913fc-82e5-9789-f0b2-0fd346f9e0e2",
            "name": "df5913fc-82e5-9789-f0b2-0fd346f9e0e2",
            "principal_id": "6783c72f-8579-462a-8134-53431ba2fe50",
            "principal_type": "ServicePrincipal",
            "role_definition_id": "/subscriptions/dcef7009-6b94-4382-afdc-17eb160d709a/providers/Microsoft.Authorization/roleDefinitions/b12aa53e-6015-4669-85d0-8515ebb3ae7f",
            "role_definition_name": "Private DNS Zone Contributor",
            "scope": "/subscriptions/dcef7009-6b94-4382-afdc-17eb160d709a/resourceGroups/rg-lzaks-hub/providers/Microsoft.Network/privateDnsZones/privatelink.swedencentral.azmk8s.io",
            "skip_service_principal_aad_check": true,
            "timeouts": null
          },
          "sensitive_attributes": [],
          "private": "eyJlMmJmYjczMC1lY2FhLTExZTYtOGY4OC0zNDM2M2JjN2M0YzAiOnsiY3JlYXRlIjoxODAwMDAwMDAwMDAwLCJkZWxldGUiOjE4MDAwMDAwMDAwMDAsInJlYWQiOjMwMDAwMDAwMDAwMH19",
          "dependencies": [
            "azurerm_resource_group.rg-prod",
            "data.terraform_remote_state.hub",
            "module.aks-prod.azurerm_user_assigned_identity.identity-aks"
          ]
        }
      ]
    },
    {
      "module": "module.aks-prod",
      "mode": "managed",
      "type": "azurerm_user_assigned_identity",
      "name": "identity-aks",
      "provider": "provider[\"registry.terraform.io/hashicorp/azurerm\"]",
      "instances": [
        {
          "schema_version": 1,
          "attributes": {
            "client_id": "34d7a5a4-fe7a-4b71-84c1-47354bd4badf",
            "id": "/subscriptions/dcef7009-6b94-4382-afdc-17eb160d709a/resourceGroups/rg-lzaks-spoke-aks-cx-prod/providers/Microsoft.ManagedIdentity/userAssignedIdentities/identity-aks",
            "location": "swedencentral",
            "name": "identity-aks",
            "principal_id": "6783c72f-8579-462a-8134-53431ba2fe50",
            "resource_group_name": "rg-lzaks-spoke-aks-cx-prod",
            "tags": {
              "architecture": "Hub\u0026Spoke",
              "environment": "development",
              "source": "terraform"
            },
            "tenant_id": "93139d1e-a3c1-4d78-9ed5-878be090eba4",
            "timeouts": null
          },
          "sensitive_attributes": [],
          "private": "eyJlMmJmYjczMC1lY2FhLTExZTYtOGY4OC0zNDM2M2JjN2M0YzAiOnsiY3JlYXRlIjoxODAwMDAwMDAwMDAwLCJkZWxldGUiOjE4MDAwMDAwMDAwMDAsInJlYWQiOjMwMDAwMDAwMDAwMCwidXBkYXRlIjoxODAwMDAwMDAwMDAwfSwic2NoZW1hX3ZlcnNpb24iOiIxIn0=",
          "dependencies": [
            "azurerm_resource_group.rg-prod"
          ]
        }
      ]
    },
    {
      "module": "module.aks-prod",
      "mode": "managed",
      "type": "azurerm_user_assigned_identity",
      "name": "identity-kubelet",
      "provider": "provider[\"registry.terraform.io/hashicorp/azurerm\"]",
      "instances": [
        {
          "schema_version": 1,
          "attributes": {
            "client_id": "07de1e2b-be90-4d33-8ccd-d378ffa4942c",
            "id": "/subscriptions/dcef7009-6b94-4382-afdc-17eb160d709a/resourceGroups/rg-lzaks-spoke-aks-cx-prod/providers/Microsoft.ManagedIdentity/userAssignedIdentities/identity-kubelet",
            "location": "swedencentral",
            "name": "identity-kubelet",
            "principal_id": "27abfe97-8636-478e-9866-54ad68a03cb5",
            "resource_group_name": "rg-lzaks-spoke-aks-cx-prod",
            "tags": {
              "architecture": "Hub\u0026Spoke",
              "environment": "development",
              "source": "terraform"
            },
            "tenant_id": "93139d1e-a3c1-4d78-9ed5-878be090eba4",
            "timeouts": null
          },
          "sensitive_attributes": [],
          "private": "eyJlMmJmYjczMC1lY2FhLTExZTYtOGY4OC0zNDM2M2JjN2M0YzAiOnsiY3JlYXRlIjoxODAwMDAwMDAwMDAwLCJkZWxldGUiOjE4MDAwMDAwMDAwMDAsInJlYWQiOjMwMDAwMDAwMDAwMCwidXBkYXRlIjoxODAwMDAwMDAwMDAwfSwic2NoZW1hX3ZlcnNpb24iOiIxIn0=",
          "dependencies": [
            "azurerm_resource_group.rg-prod"
          ]
        }
      ]
    }
  ],
  "check_results": null
}
