{
  "version": 4,
  "terraform_version": "1.3.9",
  "serial": 4,
  "lineage": "37ce7888-95a4-3d90-fcef-9e9d3fd84e9b",
  "outputs": {
    "log_analytics_workspace": {
      "value": {
        "id": "/subscriptions/82f6d75e-85f4-434a-ab74-5dddd9fa8910/resourceGroups/rg-management/providers/Microsoft.OperationalInsights/workspaces/loganalyticsforaks011",
        "location": "westeurope",
        "workspace_id": "ce74470c-ea0d-4f22-96ca-d782c083d1b0"
      },
      "type": [
        "object",
        {
          "id": "string",
          "location": "string",
          "workspace_id": "string"
        }
      ]
    }
  },
  "resources": [
    {
      "mode": "managed",
      "type": "azurerm_log_analytics_solution",
      "name": "solution",
      "provider": "provider[\"registry.terraform.io/hashicorp/azurerm\"].subscription_hub",
      "instances": [
        {
          "schema_version": 1,
          "attributes": {
            "id": "/subscriptions/82f6d75e-85f4-434a-ab74-5dddd9fa8910/resourceGroups/rg-management/providers/Microsoft.OperationsManagement/solutions/ContainerInsights(loganalyticsforaks011)",
            "location": "westeurope",
            "plan": [
              {
                "name": "ContainerInsights(loganalyticsforaks011)",
                "product": "OMSGallery/ContainerInsights",
                "promotion_code": "",
                "publisher": "Microsoft"
              }
            ],
            "resource_group_name": "rg-management",
            "solution_name": "ContainerInsights",
            "tags": {
              "architecture": "Hub\u0026Spoke",
              "environment": "development",
              "source": "terraform"
            },
            "timeouts": null,
            "workspace_name": "loganalyticsforaks011",
            "workspace_resource_id": "/subscriptions/82f6d75e-85f4-434a-ab74-5dddd9fa8910/resourceGroups/rg-management/providers/Microsoft.OperationalInsights/workspaces/loganalyticsforaks011"
          },
          "sensitive_attributes": [],
          "private": "eyJlMmJmYjczMC1lY2FhLTExZTYtOGY4OC0zNDM2M2JjN2M0YzAiOnsiY3JlYXRlIjoxODAwMDAwMDAwMDAwLCJkZWxldGUiOjE4MDAwMDAwMDAwMDAsInJlYWQiOjMwMDAwMDAwMDAwMCwidXBkYXRlIjoxODAwMDAwMDAwMDAwfSwic2NoZW1hX3ZlcnNpb24iOiIxIn0=",
          "dependencies": [
            "azurerm_log_analytics_workspace.workspace",
            "azurerm_resource_group.rg_management"
          ]
        }
      ]
    },
    {
      "mode": "managed",
      "type": "azurerm_log_analytics_workspace",
      "name": "workspace",
      "provider": "provider[\"registry.terraform.io/hashicorp/azurerm\"].subscription_hub",
      "instances": [
        {
          "schema_version": 3,
          "attributes": {
            "allow_resource_only_permissions": true,
            "cmk_for_query_forced": false,
            "daily_quota_gb": -1,
            "id": "/subscriptions/82f6d75e-85f4-434a-ab74-5dddd9fa8910/resourceGroups/rg-management/providers/Microsoft.OperationalInsights/workspaces/loganalyticsforaks011",
            "internet_ingestion_enabled": true,
            "internet_query_enabled": true,
            "local_authentication_disabled": false,
            "location": "westeurope",
            "name": "loganalyticsforaks011",
            "primary_shared_key": "H/AYk9lY4F7hL2C0dwnj4Zddu9P60Q2IcUWlvDxaePApxBuDrLMloNOwtAdVyLy6TdLvuhAqi8lw/8uvT57S7A==",
            "reservation_capacity_in_gb_per_day": null,
            "resource_group_name": "rg-management",
            "retention_in_days": 30,
            "secondary_shared_key": "rexgY8IJTc1VqRHKUhmVgPkdXZ3AW+toLTTrie5VsggPMq51FhFgTNaE+UL9rWzadu++ZcN62nt+qltI0Wd88Q==",
            "sku": "PerGB2018",
            "tags": {
              "architecture": "Hub\u0026Spoke",
              "environment": "development",
              "source": "terraform"
            },
            "timeouts": null,
            "workspace_id": "ce74470c-ea0d-4f22-96ca-d782c083d1b0"
          },
          "sensitive_attributes": [],
          "private": "eyJlMmJmYjczMC1lY2FhLTExZTYtOGY4OC0zNDM2M2JjN2M0YzAiOnsiY3JlYXRlIjoxODAwMDAwMDAwMDAwLCJkZWxldGUiOjE4MDAwMDAwMDAwMDAsInJlYWQiOjMwMDAwMDAwMDAwMCwidXBkYXRlIjoxODAwMDAwMDAwMDAwfSwic2NoZW1hX3ZlcnNpb24iOiIzIn0=",
          "dependencies": [
            "azurerm_resource_group.rg_management"
          ]
        }
      ]
    },
    {
      "mode": "managed",
      "type": "azurerm_resource_group",
      "name": "rg_management",
      "provider": "provider[\"registry.terraform.io/hashicorp/azurerm\"].subscription_hub",
      "instances": [
        {
          "schema_version": 0,
          "attributes": {
            "id": "/subscriptions/82f6d75e-85f4-434a-ab74-5dddd9fa8910/resourceGroups/rg-management",
            "location": "westeurope",
            "name": "rg-management",
            "tags": {
              "architecture": "Hub\u0026Spoke",
              "environment": "development",
              "source": "terraform"
            },
            "timeouts": null
          },
          "sensitive_attributes": [],
          "private": "eyJlMmJmYjczMC1lY2FhLTExZTYtOGY4OC0zNDM2M2JjN2M0YzAiOnsiY3JlYXRlIjo1NDAwMDAwMDAwMDAwLCJkZWxldGUiOjU0MDAwMDAwMDAwMDAsInJlYWQiOjMwMDAwMDAwMDAwMCwidXBkYXRlIjo1NDAwMDAwMDAwMDAwfX0="
        }
      ]
    }
  ],
  "check_results": null
}
