{
  "version": 4,
  "terraform_version": "1.3.9",
  "serial": 4,
  "lineage": "3223ac9e-5853-683e-0edb-b72098ad46db",
  "outputs": {
    "log_analytics_workspace_id": {
      "value": "/subscriptions/17b12858-3960-4e6f-a663-a06fdae23428/resourceGroups/rg-management/providers/Microsoft.OperationalInsights/workspaces/loganalyticsforaks011",
      "type": "string"
    }
  },
  "resources": [
    {
      "mode": "managed",
      "type": "azurerm_log_analytics_solution",
      "name": "solution",
      "provider": "provider[\"registry.terraform.io/hashicorp/azurerm\"].subscription_hub",
      "instances": [
        {
          "schema_version": 1,
          "attributes": {
            "id": "/subscriptions/17b12858-3960-4e6f-a663-a06fdae23428/resourceGroups/rg-management/providers/Microsoft.OperationsManagement/solutions/ContainerInsights(loganalyticsforaks011)",
            "location": "westeurope",
            "plan": [
              {
                "name": "ContainerInsights(loganalyticsforaks011)",
                "product": "OMSGallery/ContainerInsights",
                "promotion_code": "",
                "publisher": "Microsoft"
              }
            ],
            "resource_group_name": "rg-management",
            "solution_name": "ContainerInsights",
            "tags": {
              "architecture": "Hub\u0026Spoke",
              "environment": "development",
              "source": "terraform"
            },
            "timeouts": null,
            "workspace_name": "loganalyticsforaks011",
            "workspace_resource_id": "/subscriptions/17b12858-3960-4e6f-a663-a06fdae23428/resourceGroups/rg-management/providers/Microsoft.OperationalInsights/workspaces/loganalyticsforaks011"
          },
          "sensitive_attributes": [],
          "private": "eyJlMmJmYjczMC1lY2FhLTExZTYtOGY4OC0zNDM2M2JjN2M0YzAiOnsiY3JlYXRlIjoxODAwMDAwMDAwMDAwLCJkZWxldGUiOjE4MDAwMDAwMDAwMDAsInJlYWQiOjMwMDAwMDAwMDAwMCwidXBkYXRlIjoxODAwMDAwMDAwMDAwfSwic2NoZW1hX3ZlcnNpb24iOiIxIn0=",
          "dependencies": [
            "azurerm_log_analytics_workspace.workspace",
            "azurerm_resource_group.rg_management"
          ]
        }
      ]
    },
    {
      "mode": "managed",
      "type": "azurerm_log_analytics_workspace",
      "name": "workspace",
      "provider": "provider[\"registry.terraform.io/hashicorp/azurerm\"].subscription_hub",
      "instances": [
        {
          "schema_version": 3,
          "attributes": {
            "allow_resource_only_permissions": true,
            "cmk_for_query_forced": false,
            "daily_quota_gb": -1,
            "id": "/subscriptions/17b12858-3960-4e6f-a663-a06fdae23428/resourceGroups/rg-management/providers/Microsoft.OperationalInsights/workspaces/loganalyticsforaks011",
            "internet_ingestion_enabled": true,
            "internet_query_enabled": true,
            "local_authentication_disabled": false,
            "location": "westeurope",
            "name": "loganalyticsforaks011",
            "primary_shared_key": "IrX+qqAMwwcb9mvo73P4eCH50ibH3aUFQEg2En7sdP/14Y/CzGG5LlOF2+un9h4UWYPvRgZQWO279XpIzq7iLg==",
            "reservation_capacity_in_gb_per_day": null,
            "resource_group_name": "rg-management",
            "retention_in_days": 30,
            "secondary_shared_key": "sKMCXu+qx3+o6azQUH9+7GHHxc1/cpv04SG3AErroYUPBmbMoerul3c9qAuQYHA6eLbcbWXqqQ1fEvsnjUJo/A==",
            "sku": "PerGB2018",
            "tags": {
              "architecture": "Hub\u0026Spoke",
              "environment": "development",
              "source": "terraform"
            },
            "timeouts": null,
            "workspace_id": "f7a49250-43da-489d-9c72-5594d53f5f07"
          },
          "sensitive_attributes": [],
          "private": "eyJlMmJmYjczMC1lY2FhLTExZTYtOGY4OC0zNDM2M2JjN2M0YzAiOnsiY3JlYXRlIjoxODAwMDAwMDAwMDAwLCJkZWxldGUiOjE4MDAwMDAwMDAwMDAsInJlYWQiOjMwMDAwMDAwMDAwMCwidXBkYXRlIjoxODAwMDAwMDAwMDAwfSwic2NoZW1hX3ZlcnNpb24iOiIzIn0=",
          "dependencies": [
            "azurerm_resource_group.rg_management"
          ]
        }
      ]
    },
    {
      "mode": "managed",
      "type": "azurerm_resource_group",
      "name": "rg_management",
      "provider": "provider[\"registry.terraform.io/hashicorp/azurerm\"].subscription_hub",
      "instances": [
        {
          "schema_version": 0,
          "attributes": {
            "id": "/subscriptions/17b12858-3960-4e6f-a663-a06fdae23428/resourceGroups/rg-management",
            "location": "westeurope",
            "name": "rg-management",
            "tags": {
              "architecture": "Hub\u0026Spoke",
              "environment": "development",
              "source": "terraform"
            },
            "timeouts": null
          },
          "sensitive_attributes": [],
          "private": "eyJlMmJmYjczMC1lY2FhLTExZTYtOGY4OC0zNDM2M2JjN2M0YzAiOnsiY3JlYXRlIjo1NDAwMDAwMDAwMDAwLCJkZWxldGUiOjU0MDAwMDAwMDAwMDAsInJlYWQiOjMwMDAwMDAwMDAwMCwidXBkYXRlIjo1NDAwMDAwMDAwMDAwfX0="
        }
      ]
    }
  ],
  "check_results": null
}
