{
  "version": 4,
  "terraform_version": "1.3.9",
  "serial": 13,
  "lineage": "8e34b6a6-3d28-5f20-09eb-d8f1c365e03b",
  "outputs": {},
  "resources": [
    {
      "mode": "data",
      "type": "terraform_remote_state",
      "name": "hub",
      "provider": "provider[\"terraform.io/builtin/terraform\"]",
      "instances": [
        {
          "schema_version": 0,
          "attributes": {
            "backend": "local",
            "config": {
              "value": {
                "path": "../01_hub/terraform.tfstate"
              },
              "type": [
                "object",
                {
                  "path": "string"
                }
              ]
            },
            "defaults": null,
            "outputs": {
              "value": {
                "firewall_policy_id": "/subscriptions/82f6d75e-85f4-434a-ab74-5dddd9fa8910/resourceGroups/rg-hub/providers/Microsoft.Network/firewallPolicies/firewall-policy",
                "firewall_private_ip": "172.16.0.4",
                "log_analytics_workspace_id": "/subscriptions/82f6d75e-85f4-434a-ab74-5dddd9fa8910/resourceGroups/rg-hub/providers/Microsoft.OperationalInsights/workspaces/loganalyticsforaks011",
                "route_table_id": "/subscriptions/82f6d75e-85f4-434a-ab74-5dddd9fa8910/resourceGroups/rg-hub/providers/Microsoft.Network/routeTables/route-table-to-firewall",
                "vnet_hub_id": "/subscriptions/82f6d75e-85f4-434a-ab74-5dddd9fa8910/resourceGroups/rg-hub/providers/Microsoft.Network/virtualNetworks/vnet-hub"
              },
              "type": [
                "object",
                {
                  "firewall_policy_id": "string",
                  "firewall_private_ip": "string",
                  "log_analytics_workspace_id": "string",
                  "route_table_id": "string",
                  "vnet_hub_id": "string"
                }
              ]
            },
            "workspace": null
          },
          "sensitive_attributes": []
        }
      ]
    },
    {
      "mode": "managed",
      "type": "azurerm_container_app_environment",
      "name": "example",
      "provider": "provider[\"registry.terraform.io/hashicorp/azurerm\"]",
      "instances": [
        {
          "schema_version": 0,
          "attributes": {
            "default_domain": "happymoss-edbcc0b4.westeurope.azurecontainerapps.io",
            "docker_bridge_cidr": "",
            "id": "/subscriptions/82f6d75e-85f4-434a-ab74-5dddd9fa8910/resourceGroups/example-resources/providers/Microsoft.App/managedEnvironments/myEnvironment",
            "infrastructure_subnet_id": "",
            "internal_load_balancer_enabled": false,
            "location": "westeurope",
            "log_analytics_workspace_id": "/subscriptions/82f6d75e-85f4-434a-ab74-5dddd9fa8910/resourceGroups/example-resources/providers/Microsoft.OperationalInsights/workspaces/acctest-01",
            "name": "myEnvironment",
            "platform_reserved_cidr": "",
            "platform_reserved_dns_ip_address": "",
            "resource_group_name": "example-resources",
            "static_ip_address": "20.31.120.101",
            "tags": {},
            "timeouts": null
          },
          "sensitive_attributes": [],
          "private": "eyJlMmJmYjczMC1lY2FhLTExZTYtOGY4OC0zNDM2M2JjN2M0YzAiOnsiY3JlYXRlIjoxODAwMDAwMDAwMDAwLCJkZWxldGUiOjE4MDAwMDAwMDAwMDAsInJlYWQiOjMwMDAwMDAwMDAwMCwidXBkYXRlIjoxODAwMDAwMDAwMDAwfX0=",
          "dependencies": [
            "azurerm_log_analytics_workspace.example",
            "azurerm_resource_group.example"
          ]
        }
      ]
    },
    {
      "mode": "managed",
      "type": "azurerm_container_app_environment_storage",
      "name": "example",
      "provider": "provider[\"registry.terraform.io/hashicorp/azurerm\"]",
      "instances": [
        {
          "schema_version": 0,
          "attributes": {
            "access_key": "c2JZ3F7qOChTpINKsQtbQ9Ds1dc3X9XugyzlB5ee8TGd6PO1iNQJBDhp/CbZlndkz3sjqH+2hjGj+AStMFwVrg==",
            "access_mode": "ReadOnly",
            "account_name": "storage1aca13579",
            "container_app_environment_id": "/subscriptions/82f6d75e-85f4-434a-ab74-5dddd9fa8910/resourceGroups/example-resources/providers/Microsoft.App/managedEnvironments/myEnvironment",
            "id": "/subscriptions/82f6d75e-85f4-434a-ab74-5dddd9fa8910/resourceGroups/example-resources/providers/Microsoft.App/managedEnvironments/myEnvironment/storages/mycontainerappstorage",
            "name": "mycontainerappstorage",
            "share_name": "sharename",
            "timeouts": null
          },
          "sensitive_attributes": [
            [
              {
                "type": "get_attr",
                "value": "access_key"
              }
            ]
          ],
          "private": "eyJlMmJmYjczMC1lY2FhLTExZTYtOGY4OC0zNDM2M2JjN2M0YzAiOnsiY3JlYXRlIjoxODAwMDAwMDAwMDAwLCJkZWxldGUiOjE4MDAwMDAwMDAwMDAsInJlYWQiOjMwMDAwMDAwMDAwMCwidXBkYXRlIjoxODAwMDAwMDAwMDAwfX0=",
          "dependencies": [
            "azurerm_container_app_environment.example",
            "azurerm_resource_group.example",
            "azurerm_storage_account.example",
            "azurerm_storage_share.example"
          ]
        }
      ]
    },
    {
      "mode": "managed",
      "type": "azurerm_log_analytics_workspace",
      "name": "example",
      "provider": "provider[\"registry.terraform.io/hashicorp/azurerm\"]",
      "instances": [
        {
          "schema_version": 3,
          "attributes": {
            "allow_resource_only_permissions": true,
            "cmk_for_query_forced": false,
            "daily_quota_gb": -1,
            "id": "/subscriptions/82f6d75e-85f4-434a-ab74-5dddd9fa8910/resourceGroups/example-resources/providers/Microsoft.OperationalInsights/workspaces/acctest-01",
            "internet_ingestion_enabled": true,
            "internet_query_enabled": true,
            "local_authentication_disabled": false,
            "location": "westeurope",
            "name": "acctest-01",
            "primary_shared_key": "Yr98sHNxf2jxMpmWJNx7YqXAUPQ0tgpiB0kmQr9DaCNhZR7tTmKyG6CyexUaujQ2tWPanPvlTnz06VPPDMuxgw==",
            "reservation_capacity_in_gb_per_day": null,
            "resource_group_name": "example-resources",
            "retention_in_days": 30,
            "secondary_shared_key": "06xSfX7WWr9ZHK7ySQU2P1ZYcwrHr3TBLWXlKKQCSA/ZMW9+Oc1igcJ5mqZvv+FSfaCUloKqhsemBgZFB281fQ==",
            "sku": "PerGB2018",
            "tags": {},
            "timeouts": null,
            "workspace_id": "938023f3-8e25-4a54-adfc-e638f4c99c10"
          },
          "sensitive_attributes": [],
          "private": "eyJlMmJmYjczMC1lY2FhLTExZTYtOGY4OC0zNDM2M2JjN2M0YzAiOnsiY3JlYXRlIjoxODAwMDAwMDAwMDAwLCJkZWxldGUiOjE4MDAwMDAwMDAwMDAsInJlYWQiOjMwMDAwMDAwMDAwMCwidXBkYXRlIjoxODAwMDAwMDAwMDAwfSwic2NoZW1hX3ZlcnNpb24iOiIzIn0=",
          "dependencies": [
            "azurerm_resource_group.example"
          ]
        }
      ]
    },
    {
      "mode": "managed",
      "type": "azurerm_resource_group",
      "name": "example",
      "provider": "provider[\"registry.terraform.io/hashicorp/azurerm\"]",
      "instances": [
        {
          "schema_version": 0,
          "attributes": {
            "id": "/subscriptions/82f6d75e-85f4-434a-ab74-5dddd9fa8910/resourceGroups/example-resources",
            "location": "westeurope",
            "name": "example-resources",
            "tags": {},
            "timeouts": null
          },
          "sensitive_attributes": [],
          "private": "eyJlMmJmYjczMC1lY2FhLTExZTYtOGY4OC0zNDM2M2JjN2M0YzAiOnsiY3JlYXRlIjo1NDAwMDAwMDAwMDAwLCJkZWxldGUiOjU0MDAwMDAwMDAwMDAsInJlYWQiOjMwMDAwMDAwMDAwMCwidXBkYXRlIjo1NDAwMDAwMDAwMDAwfX0="
        }
      ]
    },
    {
      "mode": "managed",
      "type": "azurerm_resource_group",
      "name": "rg_spoke_aca",
      "provider": "provider[\"registry.terraform.io/hashicorp/azurerm\"]",
      "instances": [
        {
          "schema_version": 0,
          "attributes": {
            "id": "/subscriptions/82f6d75e-85f4-434a-ab74-5dddd9fa8910/resourceGroups/rg-spoke-aca",
            "location": "westeurope",
            "name": "rg-spoke-aca",
            "tags": {
              "architecture": "Hub\u0026Spoke",
              "environment": "development",
              "source": "terraform"
            },
            "timeouts": null
          },
          "sensitive_attributes": [],
          "private": "eyJlMmJmYjczMC1lY2FhLTExZTYtOGY4OC0zNDM2M2JjN2M0YzAiOnsiY3JlYXRlIjo1NDAwMDAwMDAwMDAwLCJkZWxldGUiOjU0MDAwMDAwMDAwMDAsInJlYWQiOjMwMDAwMDAwMDAwMCwidXBkYXRlIjo1NDAwMDAwMDAwMDAwfX0="
        }
      ]
    },
    {
      "mode": "managed",
      "type": "azurerm_storage_account",
      "name": "example",
      "provider": "provider[\"registry.terraform.io/hashicorp/azurerm\"]",
      "instances": [
        {
          "schema_version": 3,
          "attributes": {
            "access_tier": "Hot",
            "account_kind": "StorageV2",
            "account_replication_type": "LRS",
            "account_tier": "Standard",
            "allow_nested_items_to_be_public": true,
            "allowed_copy_scope": "",
            "azure_files_authentication": [],
            "blob_properties": [
              {
                "change_feed_enabled": false,
                "change_feed_retention_in_days": 0,
                "container_delete_retention_policy": [],
                "cors_rule": [],
                "default_service_version": "",
                "delete_retention_policy": [],
                "last_access_time_enabled": false,
                "restore_policy": [],
                "versioning_enabled": false
              }
            ],
            "cross_tenant_replication_enabled": true,
            "custom_domain": [],
            "customer_managed_key": [],
            "default_to_oauth_authentication": false,
            "edge_zone": "",
            "enable_https_traffic_only": true,
            "id": "/subscriptions/82f6d75e-85f4-434a-ab74-5dddd9fa8910/resourceGroups/example-resources/providers/Microsoft.Storage/storageAccounts/storage1aca13579",
            "identity": [],
            "immutability_policy": [],
            "infrastructure_encryption_enabled": false,
            "is_hns_enabled": false,
            "large_file_share_enabled": null,
            "location": "westeurope",
            "min_tls_version": "TLS1_2",
            "name": "storage1aca13579",
            "network_rules": [
              {
                "bypass": [
                  "AzureServices"
                ],
                "default_action": "Allow",
                "ip_rules": [],
                "private_link_access": [],
                "virtual_network_subnet_ids": []
              }
            ],
            "nfsv3_enabled": false,
            "primary_access_key": "c2JZ3F7qOChTpINKsQtbQ9Ds1dc3X9XugyzlB5ee8TGd6PO1iNQJBDhp/CbZlndkz3sjqH+2hjGj+AStMFwVrg==",
            "primary_blob_connection_string": "DefaultEndpointsProtocol=https;BlobEndpoint=https://storage1aca13579.blob.core.windows.net/;AccountName=storage1aca13579;AccountKey=c2JZ3F7qOChTpINKsQtbQ9Ds1dc3X9XugyzlB5ee8TGd6PO1iNQJBDhp/CbZlndkz3sjqH+2hjGj+AStMFwVrg==",
            "primary_blob_endpoint": "https://storage1aca13579.blob.core.windows.net/",
            "primary_blob_host": "storage1aca13579.blob.core.windows.net",
            "primary_connection_string": "DefaultEndpointsProtocol=https;AccountName=storage1aca13579;AccountKey=c2JZ3F7qOChTpINKsQtbQ9Ds1dc3X9XugyzlB5ee8TGd6PO1iNQJBDhp/CbZlndkz3sjqH+2hjGj+AStMFwVrg==;EndpointSuffix=core.windows.net",
            "primary_dfs_endpoint": "https://storage1aca13579.dfs.core.windows.net/",
            "primary_dfs_host": "storage1aca13579.dfs.core.windows.net",
            "primary_file_endpoint": "https://storage1aca13579.file.core.windows.net/",
            "primary_file_host": "storage1aca13579.file.core.windows.net",
            "primary_location": "westeurope",
            "primary_queue_endpoint": "https://storage1aca13579.queue.core.windows.net/",
            "primary_queue_host": "storage1aca13579.queue.core.windows.net",
            "primary_table_endpoint": "https://storage1aca13579.table.core.windows.net/",
            "primary_table_host": "storage1aca13579.table.core.windows.net",
            "primary_web_endpoint": "https://storage1aca13579.z6.web.core.windows.net/",
            "primary_web_host": "storage1aca13579.z6.web.core.windows.net",
            "public_network_access_enabled": true,
            "queue_encryption_key_type": "Service",
            "queue_properties": [
              {
                "cors_rule": [],
                "hour_metrics": [
                  {
                    "enabled": true,
                    "include_apis": true,
                    "retention_policy_days": 7,
                    "version": "1.0"
                  }
                ],
                "logging": [
                  {
                    "delete": false,
                    "read": false,
                    "retention_policy_days": 0,
                    "version": "1.0",
                    "write": false
                  }
                ],
                "minute_metrics": [
                  {
                    "enabled": false,
                    "include_apis": false,
                    "retention_policy_days": 0,
                    "version": "1.0"
                  }
                ]
              }
            ],
            "resource_group_name": "example-resources",
            "routing": [],
            "sas_policy": [],
            "secondary_access_key": "T0aqQ58aS51BBxZsllXM1OKhvrVVswpHn4i4mXV+VEJ0PCoYMrWu+fLw6K0IoCiaRnYc2I0VPU+H+AStEaKrEQ==",
            "secondary_blob_connection_string": "",
            "secondary_blob_endpoint": null,
            "secondary_blob_host": null,
            "secondary_connection_string": "DefaultEndpointsProtocol=https;AccountName=storage1aca13579;AccountKey=T0aqQ58aS51BBxZsllXM1OKhvrVVswpHn4i4mXV+VEJ0PCoYMrWu+fLw6K0IoCiaRnYc2I0VPU+H+AStEaKrEQ==;EndpointSuffix=core.windows.net",
            "secondary_dfs_endpoint": null,
            "secondary_dfs_host": null,
            "secondary_file_endpoint": null,
            "secondary_file_host": null,
            "secondary_location": "",
            "secondary_queue_endpoint": null,
            "secondary_queue_host": null,
            "secondary_table_endpoint": null,
            "secondary_table_host": null,
            "secondary_web_endpoint": null,
            "secondary_web_host": null,
            "sftp_enabled": false,
            "share_properties": [
              {
                "cors_rule": [],
                "retention_policy": [
                  {
                    "days": 7
                  }
                ],
                "smb": []
              }
            ],
            "shared_access_key_enabled": true,
            "static_website": [],
            "table_encryption_key_type": "Service",
            "tags": null,
            "timeouts": null
          },
          "sensitive_attributes": [],
          "private": "eyJlMmJmYjczMC1lY2FhLTExZTYtOGY4OC0zNDM2M2JjN2M0YzAiOnsiY3JlYXRlIjozNjAwMDAwMDAwMDAwLCJkZWxldGUiOjM2MDAwMDAwMDAwMDAsInJlYWQiOjMwMDAwMDAwMDAwMCwidXBkYXRlIjozNjAwMDAwMDAwMDAwfSwic2NoZW1hX3ZlcnNpb24iOiIzIn0=",
          "dependencies": [
            "azurerm_resource_group.example"
          ]
        }
      ]
    },
    {
      "mode": "managed",
      "type": "azurerm_storage_share",
      "name": "example",
      "provider": "provider[\"registry.terraform.io/hashicorp/azurerm\"]",
      "instances": [
        {
          "schema_version": 2,
          "attributes": {
            "access_tier": "TransactionOptimized",
            "acl": [],
            "enabled_protocol": "SMB",
            "id": "https://storage1aca13579.file.core.windows.net/sharename",
            "metadata": {},
            "name": "sharename",
            "quota": 5,
            "resource_manager_id": "/subscriptions/82f6d75e-85f4-434a-ab74-5dddd9fa8910/resourceGroups/example-resources/providers/Microsoft.Storage/storageAccounts/storage1aca13579/fileServices/default/fileshares/sharename",
            "storage_account_name": "storage1aca13579",
            "timeouts": null,
            "url": "https://storage1aca13579.file.core.windows.net/sharename"
          },
          "sensitive_attributes": [],
          "private": "eyJlMmJmYjczMC1lY2FhLTExZTYtOGY4OC0zNDM2M2JjN2M0YzAiOnsiY3JlYXRlIjoxODAwMDAwMDAwMDAwLCJkZWxldGUiOjE4MDAwMDAwMDAwMDAsInJlYWQiOjMwMDAwMDAwMDAwMCwidXBkYXRlIjoxODAwMDAwMDAwMDAwfSwic2NoZW1hX3ZlcnNpb24iOiIyIn0=",
          "dependencies": [
            "azurerm_resource_group.example",
            "azurerm_storage_account.example"
          ]
        }
      ]
    },
    {
      "mode": "managed",
      "type": "azurerm_virtual_network",
      "name": "vnet_spoke_aca",
      "provider": "provider[\"registry.terraform.io/hashicorp/azurerm\"]",
      "instances": [
        {
          "schema_version": 0,
          "attributes": {
            "address_space": [
              "10.100.0.0/23"
            ],
            "bgp_community": "",
            "ddos_protection_plan": [],
            "dns_servers": [
              "172.16.0.4"
            ],
            "edge_zone": "",
            "flow_timeout_in_minutes": 0,
            "guid": "4c70328a-7e6b-439d-829d-028858059e2c",
            "id": "/subscriptions/82f6d75e-85f4-434a-ab74-5dddd9fa8910/resourceGroups/rg-spoke-aca/providers/Microsoft.Network/virtualNetworks/vnet-spoke-aca",
            "location": "westeurope",
            "name": "vnet-spoke-aca",
            "resource_group_name": "rg-spoke-aca",
            "subnet": [],
            "tags": {
              "architecture": "Hub\u0026Spoke",
              "environment": "development",
              "source": "terraform"
            },
            "timeouts": null
          },
          "sensitive_attributes": [],
          "private": "eyJlMmJmYjczMC1lY2FhLTExZTYtOGY4OC0zNDM2M2JjN2M0YzAiOnsiY3JlYXRlIjoxODAwMDAwMDAwMDAwLCJkZWxldGUiOjE4MDAwMDAwMDAwMDAsInJlYWQiOjMwMDAwMDAwMDAwMCwidXBkYXRlIjoxODAwMDAwMDAwMDAwfX0=",
          "dependencies": [
            "azurerm_resource_group.rg_spoke_aca",
            "data.terraform_remote_state.hub.0."
          ]
        }
      ]
    }
  ],
  "check_results": null
}
