{
  "version": 4,
  "terraform_version": "1.12.0",
  "serial": 13,
  "lineage": "9a3f8d54-f969-1f7c-f480-bc08c0af719c",
  "outputs": {},
  "resources": [
    {
      "mode": "data",
      "type": "terraform_remote_state",
      "name": "hub",
      "provider": "provider[\"terraform.io/builtin/terraform\"]",
      "instances": [
        {
          "schema_version": 0,
          "attributes": {
            "backend": "local",
            "config": {
              "value": {
                "path": "../01_hub/terraform.tfstate"
              },
              "type": [
                "object",
                {
                  "path": "string"
                }
              ]
            },
            "defaults": null,
            "outputs": {
              "value": {
                "firewall": {
                  "enabled": true,
                  "policy_id": "/subscriptions/dcef7009-6b94-4382-afdc-17eb160d709a/resourceGroups/rg-hub/providers/Microsoft.Network/firewallPolicies/firewall-policy",
                  "private_ip": "172.16.0.4",
                  "public_ip": "135.116.16.172"
                },
                "log_analytics_workspace": {
                  "id": "/subscriptions/dcef7009-6b94-4382-afdc-17eb160d709a/resourceGroups/rg-hub/providers/Microsoft.OperationalInsights/workspaces/log-analytics",
                  "location": "swedencentral",
                  "workspace_id": "27359f27-6e56-465c-96c8-01bf388f4c4e"
                },
                "vnet_hub": {
                  "id": "/subscriptions/dcef7009-6b94-4382-afdc-17eb160d709a/resourceGroups/rg-hub/providers/Microsoft.Network/virtualNetworks/vnet-hub"
                }
              },
              "type": [
                "object",
                {
                  "firewall": [
                    "object",
                    {
                      "enabled": "bool",
                      "policy_id": "string",
                      "private_ip": "string",
                      "public_ip": "string"
                    }
                  ],
                  "log_analytics_workspace": [
                    "object",
                    {
                      "id": "string",
                      "location": "string",
                      "workspace_id": "string"
                    }
                  ],
                  "vnet_hub": [
                    "object",
                    {
                      "id": "string"
                    }
                  ]
                }
              ]
            },
            "workspace": null
          },
          "sensitive_attributes": [],
          "identity_schema_version": 0
        }
      ]
    },
    {
      "mode": "managed",
      "type": "azurerm_kubernetes_cluster",
      "name": "aks",
      "provider": "provider[\"registry.terraform.io/hashicorp/azurerm\"]",
      "instances": [
        {
          "schema_version": 2,
          "attributes": {
            "aci_connector_linux": [],
            "api_server_access_profile": [],
            "auto_scaler_profile": [
              {
                "balance_similar_node_groups": false,
                "daemonset_eviction_for_empty_nodes_enabled": false,
                "daemonset_eviction_for_occupied_nodes_enabled": true,
                "empty_bulk_delete_max": "10",
                "expander": "random",
                "ignore_daemonsets_utilization_enabled": false,
                "max_graceful_termination_sec": "600",
                "max_node_provisioning_time": "15m",
                "max_unready_nodes": 3,
                "max_unready_percentage": 45,
                "new_pod_scale_up_delay": "0s",
                "scale_down_delay_after_add": "10m",
                "scale_down_delay_after_delete": "10s",
                "scale_down_delay_after_failure": "3m",
                "scale_down_unneeded": "10m",
                "scale_down_unready": "20m",
                "scale_down_utilization_threshold": "0.5",
                "scan_interval": "10s",
                "skip_nodes_with_local_storage": false,
                "skip_nodes_with_system_pods": true
              }
            ],
            "automatic_upgrade_channel": "node-image",
            "azure_active_directory_role_based_access_control": [],
            "azure_policy_enabled": false,
            "confidential_computing": [],
            "cost_analysis_enabled": false,
            "current_kubernetes_version": "1.33.0",
            "default_node_pool": [
              {
                "auto_scaling_enabled": true,
                "capacity_reservation_group_id": "",
                "fips_enabled": false,
                "gpu_instance": "",
                "host_encryption_enabled": false,
                "host_group_id": "",
                "kubelet_config": [],
                "kubelet_disk_type": "OS",
                "linux_os_config": [],
                "max_count": 3,
                "max_pods": 110,
                "min_count": 1,
                "name": "systempool",
                "node_count": 2,
                "node_labels": {},
                "node_network_profile": [],
                "node_public_ip_enabled": false,
                "node_public_ip_prefix_id": "",
                "only_critical_addons_enabled": false,
                "orchestrator_version": "1.33.0",
                "os_disk_size_gb": 40,
                "os_disk_type": "Managed",
                "os_sku": "Ubuntu",
                "pod_subnet_id": "",
                "proximity_placement_group_id": "",
                "scale_down_mode": "Deallocate",
                "snapshot_id": "",
                "tags": null,
                "temporary_name_for_rotation": "syspooltmp",
                "type": "VirtualMachineScaleSets",
                "ultra_ssd_enabled": false,
                "upgrade_settings": [
                  {
                    "drain_timeout_in_minutes": 0,
                    "max_surge": "10%",
                    "node_soak_duration_in_minutes": 0
                  }
                ],
                "vm_size": "Standard_D2s_v5",
                "vnet_subnet_id": "/subscriptions/dcef7009-6b94-4382-afdc-17eb160d709a/resourceGroups/rg-spoke-aks-simple/providers/Microsoft.Network/virtualNetworks/vnet-spoke-aks-simple/subnets/snet-aks",
                "workload_runtime": "OCIContainer",
                "zones": [
                  "1",
                  "2",
                  "3"
                ]
              }
            ],
            "disk_encryption_set_id": "",
            "dns_prefix": "aks",
            "dns_prefix_private_cluster": "",
            "edge_zone": "",
            "fqdn": "aks-lrcrj6ok.hcp.swedencentral.azmk8s.io",
            "http_application_routing_enabled": false,
            "http_application_routing_zone_name": null,
            "http_proxy_config": [],
            "id": "/subscriptions/dcef7009-6b94-4382-afdc-17eb160d709a/resourceGroups/rg-spoke-aks-simple/providers/Microsoft.ContainerService/managedClusters/aks-cluster",
            "identity": [
              {
                "identity_ids": [
                  "/subscriptions/dcef7009-6b94-4382-afdc-17eb160d709a/resourceGroups/rg-spoke-aks-simple/providers/Microsoft.ManagedIdentity/userAssignedIdentities/identity-aks"
                ],
                "principal_id": "",
                "tenant_id": "",
                "type": "UserAssigned"
              }
            ],
            "image_cleaner_enabled": false,
            "image_cleaner_interval_hours": 24,
            "ingress_application_gateway": [],
            "key_management_service": [],
            "key_vault_secrets_provider": [],
            "kube_admin_config": [],
            "kube_admin_config_raw": "",
            "kube_config": [
              {
                "client_certificate": "LS0tLS1CRUdJTiBDRVJUSUZJQ0FURS0tLS0tCk1JSUZIakNDQXdhZ0F3SUJBZ0lSQUk1Tm1FTWxhNFB1eVlHR0JkSDBEdEF3RFFZSktvWklodmNOQVFFTEJRQXcKRFRFTE1Ba0dBMVVFQXhNQ1kyRXdIaGNOTWpVd05USXdNRFkxTVRVd1doY05NamN3TlRJd01EY3dNVFV3V2pBdwpNUmN3RlFZRFZRUUtFdzV6ZVhOMFpXMDZiV0Z6ZEdWeWN6RVZNQk1HQTFVRUF4TU1iV0Z6ZEdWeVkyeHBaVzUwCk1JSUNJakFOQmdrcWhraUc5dzBCQVFFRkFBT0NBZzhBTUlJQ0NnS0NBZ0VBenlnUWxLM2FuWnZRaHVNd21LY2gKbU9XazhpMUpCenlrbUZGUG1RUTVRVlZJQ1hiR2w1d2xqSnBPb0FFaGlDQ1BWeTZRS0NySFp5aG5wc3BnWVR5QwplQ0NOaUk3KzBqdmJtVXRKT1p5YllTUDNjaEtzV3JXMjc4WmFCSnFSNSt0UnRiVnFIc2ZKT1RCL3BxVnQ2eHc1CnIzUkZ6OU9wM0ZoWmQyeW1kVDBoanU3MDZIYXdEZ0RTWmNaZ0RwQWZ1SmtzWGdrWGpBVTVBaXZMQnpOWnZ2SHUKNzlscVYydVVDV09hektBdkEzSm1HTkdKd284aCtWUlgyaDh6b3A5dkN1OUZEMkxmY3BLM05YUWk2d3NuMkdVQQpwNWN4R2QzRENCejJnNmJXTG4yUFlLeWFNVktzeVo1RWE3Zi92dElIRzNsWHNvUk52ZkNWUWJoeFM4R2c4SWFaCnprcVdqUzNKWVgwK1AvcEZnbUZJeHJvUzZSQ08yeEgwUHJ2YnFmN0U2b0dROHl5Sm4zcGhKUlNCYWVmMHlKdVYKcHh3U3VkTHhUZlVDb0F5OW1yRUF4d2ZvdzFSbStYTWVYeUhxV0ZzOWFTZnlPZVkvcXUrbUxPRE4wUnM0OFh0Tgo1cnhXT21JQXA0c1YrT2ZyWUtwWVJEZVA3N0dpV3EzM2l4NlhOdEJacGRxMlVqcFlGdnNFY2VqenVKWVlFYXF5CmR5VHpKd041QUE5Wjl6K3pCVnZSK2lHN1g3ODg0a1k0Yk5FMTN3RmxCd2dKcFZnV2JSQmVHZ0NidEYwWmhTTy8Ka3l6KzFROHVGVmVOREM3dTdFa3dXK0xLaExnUmFBRUlCUHpsYUJmZloyK01RU1NINjhIb0JQK1p1Z0NtODlPeAo5ZkVPc1hyZkhSb1Y3RUFBTjJmYk5Jc0NBd0VBQWFOV01GUXdEZ1lEVlIwUEFRSC9CQVFEQWdXZ01CTUdBMVVkCkpRUU1NQW9HQ0NzR0FRVUZCd01DTUF3R0ExVWRFd0VCL3dRQ01BQXdId1lEVlIwakJCZ3dGb0FVTXhEdHZGNHcKMlBMM3dxcFhUY1JWWXM2bSt0QXdEUVlKS29aSWh2Y05BUUVMQlFBRGdnSUJBR2lGS2NNN2ZkZDl4K1hOelBySgp3eUJGYm9OYVhiME5nMTBGOVMrQklpUHNPRmkzckRPTzkvSytSZlY3cGVJWFhYNzJGRC9RcXZNSDgvVCtuMkxaCnFPa2ZHWGxjRklubmtqK0JxNTRXVlJyVjZTYWhpeWZ1Zkt0N0l1b1ZaSlY3UTQ2R2tGZUl5NmgrNk9Vd1BKcUoKU25IYnZBTkJORTEvemNTQVdEbTNmbVFrM2FIRWx1SnlFZTlzcU41b1Z2U0RBcEhzRTNVd3JpV0w4YXJ1QTROQgpma0w1TU1yK1o1S1VKNGpnR2NKeTV1MnN1Qk4wZ2UxVXZEWWNwaVpSVURLd0VzR2dDMDZxVVZuaGxna2tsUVpsClVET2MrUHduenRwbkdWTjFMQzBNcXFZbE9SVnU5bUlFQnlwbXpJbHE1SFYxdjI2Mi9lQUZWcGtyNXp1ZHVucHQKaUNYTTUrYkVLdkZXRXNHenFONWpIWGlMS2NXaXZFdmtnK3NSSHVHS08vUmM1bVVKMVlZR2t5ZmltRGpmYmoyYgpMMzBpdHpFaUpaZEUvSXZCRnBnUHFzY1ljZFhXdUNOcDR2OFFIY254NS84WkY2eHhodTl2NS9lKy9CY1VWb1pZClNnZmF1a1dzd2s2R0l2VTk0TzdBR3BoMElMOVFRK2xoR2RTTTZSM1hLNG1nZHpkRXo0djVkVE96ZkVZeTQvancKY010VGg3ZlFzZVVRcmRXNDdhc0E4T21XbnRIMFRiOFRSRjYrZEJTU2F5Z1pTaS9TTlFaNlU3V3RKTVdyU2Y5MQpicy9WOFl5MVVGWHc3aCtMcnlSNTZXeGN4RWlhckhhc3NwZVVQdkRLRUZ0cFJ2bkZPR2l6VmpVRzJMWHlQZlRYClh4YXdGYnp5b0YvM2tGT0ozaUU4Ynl3SAotLS0tLUVORCBDRVJUSUZJQ0FURS0tLS0tCg==",
                "client_key": "LS0tLS1CRUdJTiBSU0EgUFJJVkFURSBLRVktLS0tLQpNSUlKS2dJQkFBS0NBZ0VBenlnUWxLM2FuWnZRaHVNd21LY2htT1drOGkxSkJ6eWttRkZQbVFRNVFWVklDWGJHCmw1d2xqSnBPb0FFaGlDQ1BWeTZRS0NySFp5aG5wc3BnWVR5Q2VDQ05pSTcrMGp2Ym1VdEpPWnliWVNQM2NoS3MKV3JXMjc4WmFCSnFSNSt0UnRiVnFIc2ZKT1RCL3BxVnQ2eHc1cjNSRno5T3AzRmhaZDJ5bWRUMGhqdTcwNkhhdwpEZ0RTWmNaZ0RwQWZ1SmtzWGdrWGpBVTVBaXZMQnpOWnZ2SHU3OWxxVjJ1VUNXT2F6S0F2QTNKbUdOR0p3bzhoCitWUlgyaDh6b3A5dkN1OUZEMkxmY3BLM05YUWk2d3NuMkdVQXA1Y3hHZDNEQ0J6Mmc2YldMbjJQWUt5YU1WS3MKeVo1RWE3Zi92dElIRzNsWHNvUk52ZkNWUWJoeFM4R2c4SWFaemtxV2pTM0pZWDArUC9wRmdtRkl4cm9TNlJDTwoyeEgwUHJ2YnFmN0U2b0dROHl5Sm4zcGhKUlNCYWVmMHlKdVZweHdTdWRMeFRmVUNvQXk5bXJFQXh3Zm93MVJtCitYTWVYeUhxV0ZzOWFTZnlPZVkvcXUrbUxPRE4wUnM0OFh0TjVyeFdPbUlBcDRzVitPZnJZS3BZUkRlUDc3R2kKV3EzM2l4NlhOdEJacGRxMlVqcFlGdnNFY2VqenVKWVlFYXF5ZHlUekp3TjVBQTlaOXorekJWdlIraUc3WDc4OAo0a1k0Yk5FMTN3RmxCd2dKcFZnV2JSQmVHZ0NidEYwWmhTTy9reXorMVE4dUZWZU5EQzd1N0Vrd1crTEtoTGdSCmFBRUlCUHpsYUJmZloyK01RU1NINjhIb0JQK1p1Z0NtODlPeDlmRU9zWHJmSFJvVjdFQUFOMmZiTklzQ0F3RUEKQVFLQ0FnRUF0K0VyWHA0M3FLRVBaend3L2IrVTNnQXgrdG5oc2UvTmRucnVlYmU3RHRnaFdtMDQrSWljK0FKYwpla0Ntd0F1TzBPYy9CTGg4U1lBZkNYa29OZ2VkRS81cFEyY1NvQkNMNjdWZEtTdHU3TG9kUWY5N1NBVjJmYjJHCldBSFFNNW00N044OGRGZ0lzSi94SHo1R3BHUm9lK3Bzc1g2RGoxaEpDZTNDajl5VWRpaDc4Z0N3WTYydEZMUVMKdmJxR3ZiZ1JIdU5aS0d2V1g2djV5c2wxQnozL1JwMnBmREc4dE56YUlucXBZSmppTVhPRm9kS2xhSWpLZG80dApxbE4xSUxLa2pYVEpQUTBvWE9WYXZXSW9temVFYmo2UlVoRjd0aTduVHBNQUdVSlF5NUpLU0MvSHVpdW5OaXFjCmM0aEEwTTFUMzl6Nm1QZjl0Tm1BajZzdkxYRjlBWHhtdnlFektDZUZrZHExV3N5NzFqVVhEc1hLWS9lS0hNOS8Kd2VjbjBKZTZhRVhDdXp1WXB1US8zcmZzVkFDeDFQc2hEaVZhNzJ6UHUvOFhLNDc1RUhUOWFpbEliSFYvbmZrRgpYOHdFc2kzMGliYUYySEVkUjJyRjlSZjc3SVRtYWJwMnpSRE5nUWY4bUpzMktCNWJHckt1U3RKc0NXM0ZYYy9uCjFBVjI2OE14MGVNeW40V29yQlhXbEl3UkpnbVErUy93bkQwaHozaGFvTUhFdFNveU93Q3NXek53TlRPZkhacVIKYzgvZ3BoS0xPcHhja1ZYa3lCQkprK2hmbi8xWGxSenErK2VrZWZVeEdzM2Z1WnBaYlJIaHV5VTdUWDJoYWR4cwpudkpvRU1mc2xXZXZJQVA1dlBMRVNDdi85d0ZSVDlZZzZqaWU0NEcyazlhZFBvdmZXNEVDZ2dFQkFPSnF3LzltCm5tay8yaStwNUZnZFplbXJxWEN5cGJxUzc5RVlPL0JnZ25NaE44M01JeDlEdElBcUkvWlNxdDhQd3FQaHNEYnYKQkljTTQyUXdQL2FNM1FldlJ1ZTJOYk1GUkwzRWZFUS9KaGk1NGs0U1dTek02cWhGVEEwM29DQ216R0crc2VPRwp5QkpXdFBSNDQ4aGNtM1g5QkljS3hvZjkzeDRHZGk1dWEwa0dYWmFVSTBBTjh6dDVrcmtDYS9IcStieVUvZjNCCkkyWllDcTlhVDF4TjZQYjZEYjdYQUtlTjJEM1VMdWpJeFl4WkVvb3NLemFhZG41Rlh2cWNVMDRnYmZtMDBFMFQKOWpoSW9JZUZNRmlBdXhuZVJmZ2l4bWhwVWVLeUpibDVyOWF1MnlPb3M2cGlzazJzUzBsMlZvcTJGS2hvKzBCZgp4UHlWR0xSSzBMQ29rVXNDZ2dFQkFPbzVFYk0wbVBPeHJkd2t4Q3JPS3Z4RnU5RDc3eEFmeVFMSG5QamNhZXllCkNTV1A4cHYwZG9lVFhDMU5QSVg4Zk1vNmgxQUtOR0M3RmZDZDQ2WnA3NVNudkRzdUwwNnppdHhTL1VjbHhUQlAKV0kyemM2MWY2RzhOTHM1cE9XQXF4Y1RxQXpaNWFENERXSFY3eXpVOUFBU1dXVk03bmw0V3psN0d5TUFjc2hoWQpYVWg0cXF4eHVCTERyVXpTdjNuSzN1UkN2QWc3RkJGNWVmeUJDeGdmWjhPRjBjZTgwbzZiWGNSTWxjTFczM1k4CmFhc3hhYmJaUzJsd21hcHFaTGNSMk1FUW81b1lDWlB6WDVyaTZ1aDk2N0l3bXQ1Nng4NjFmUTczdFRINkdSa3QKaVp6SDVacjNKR2dXY1V3cll1blV6MnBHSG5iNXJxTjFpNFlKS0k1QkljRUNnZ0VCQUpDUUFweHJkUEZXWjRUUApRSkJTRk9QaFNzbytCanJkM21qdXhEWnlLRmhCK1ZOWTU0UHF3ckNpTjF2cTVGYVB4WUxGY3JGZ1lzK25sdmc5CkpsblJEcjc5VnBSVGJtM2pDMFR1MHpqdjZPOFlvRG1nMVhjWlR5b3BOS21ydm4yYWdoeFdtVlhnbEpYQTdzQzQKL3hiS3FpZm5hS0NnYktvZm1mbWR2bzlleVBsVEt5WWRaM1JhYzlhaGhPRERmeEJ6S3drUlNDcGd5cTFwd1VpOApyTGNPdDVRWmkvVXhhYVdSbDJQQ3VrQy9FQUxRVEZvVVlYTDNwSGh5Nm5Xd29pL2IzTnYyYXBrTUNjVmQrY0VOCmRSVE0vS2xEbGdFY2t2blBaUTBOR2JFVzFRS0ptamxtV1hDTW03T2tNbDJ4UlFoRHdXVFZ3cllUYjc2bG82UloKc0cxYTg0a0NnZ0VCQUpzQjRjRGpra1hVMU9iWVBpckYvcFN0NGJwUXdNbSsvMXlqbGpMc1MvMllLUjErd21TTAp5Tlc0cEV3bXpXTXUwYmRVUExDdjBESWtIa1Q3ZU9sdE9tejdCUXQxYVVHQWVPbU8wcWYvU3h6SnBpVkJHZEVuCm83KzZ6YnMwMEEvZ3ZybXUxU2w3OTR6eTBkd09iVkZ5YVV5ZjQ4VzlzdlU1eXFIV2xJenZjTDNEM1JoVkl6NjAKazhsM1RuMkZDOHNpZzVnMHdoUUFaU3ViWlN2Q2l3RVA1Ni95SS84MzYzRU5TV1RiK2xEVHUxZVlhNllzTVhZZApJRmRMZWFiYWVvVGRmc0Ztclo4UlFXVjByMVRseitqRlRQTEVUL25rNzg3Uk5VNXVpSy9tZ0MyMWdWa013ZHRvCnErTm0xdHc5Nmx3dHhvYmltTTdNTnROZXUxT2RSQVhBL1FFQ2dnRUFHZ2ZTN2ZSL3pxaW1NQnhnT3JDWVdEYmcKaFRDY2R4dEk0djl4SWVVUjVnelJhKytseUVZTk8zTDJndEZHd3ZTVHVIbDN0K04wbVhrWm5CTzdhc0YyNmVXdwpyTUNxQ2o5NGRUTjRzMmYyZDZZQnAyMTFpUUZYUWRlTHBTNTBYT2cwUUlLV05ibWJoaTIxbCtqcHNDSHhqaG9mCi94eGwxOTBTT09ublo2cWpaTGg4eHd6a1o4Z211MEUwRUZ5ZnZ6eVhYazJ2RCtncEZMeExNaTBTVVA2TVpJb2IKcWUzZ1pEM3dZenRrTjBOcE80NVAwVldiRndlb1F4VTNCaXB1allPZlY5ZHdzSU9WN0RCOTFNVUE4Rms4S25JZgo4aCsyQ3FUQ3AveXJZcHA5STgzRXNqcW9WU2ZHek9WVEIwKzZaTHJFdW0vVkZqWm1qdXYrNWdlaldrVm1UZz09Ci0tLS0tRU5EIFJTQSBQUklWQVRFIEtFWS0tLS0tCg==",
                "cluster_ca_certificate": "LS0tLS1CRUdJTiBDRVJUSUZJQ0FURS0tLS0tCk1JSUU2RENDQXRDZ0F3SUJBZ0lRVmE3L2NKKys3SE5aTGdEYUo3cnEvVEFOQmdrcWhraUc5dzBCQVFzRkFEQU4KTVFzd0NRWURWUVFERXdKallUQWdGdzB5TlRBMU1qQXdOalV4TlRCYUdBOHlNRFUxTURVeU1EQTNNREUxTUZvdwpEVEVMTUFrR0ExVUVBeE1DWTJFd2dnSWlNQTBHQ1NxR1NJYjNEUUVCQVFVQUE0SUNEd0F3Z2dJS0FvSUNBUURBCkg3dnlrTjlZb1pMdEIrUERuN200WTNwZVJXREF1VWNvZG81ZUYvMW5aem8vYjdTZldEL2NzSUMvbGdEVi8rbGYKajZQZHpmMHJDWkQ5T0JLNFQvRHExS2NpZDR2ZStDVmJZMk5CdHBGdGh5Y29STU9pWEZZRWkydWNtTndBY0ZQdgpMTzlHMVdRRld6aDgyd3o0M2h3L0hoT1NsdEExVncraGZ2bTR0QUpEN0VwRXN2RjhqL0hrZENqR1IvZGxJTTlCClM4eHFNSlRJZ0RXRlRvdmRiMk9yNjY4N2l6YUZLZXNOWG5VM0djU1M1VHEwRHNQNE5xdEQxL3FjaHF4MUJ3VEcKL01uK0tNcTNCMjlORjN1L3crYzBJSzFMVGVGVFhweFl0UW01N293RGZCS3M1M0R3cEk4RFNYSEFpYW9PQU91bgp5akxMZEkrbElXbWd5SGFvNUhlM1VKV3dxOVdaVm5tS0Fsd3NmMWdpUFBSQmJaRU9MaS9kTFFIV2tsRWhCbDNOCkxjNWVja3dFZWpjWWsvUW5lckhUdVVFY3ltTFQ3YVN2d1BjeU01VEJXczhmUHhFTlcvR3JVZDJtbk42TEpuTysKRDVwN2hYbWVnc29jYlVMT001SHp6WFEwRGpkYmxwdHE5ZGV4Y29BU2t0NXljZXBod3QvVlJISVY0OUxUMjZxRQozcklhYzJ5MXpobDU4ZjVqZlJPNFYxL2FSTENZeHlYZWJiODRmREFqaDBzU1JCMzYzZzJVeW1qd3JqL3l0T2hrCk9keFFjS2JlNmF6eXA5VFRTOERTYnF5YXFkZ2RnWjhLWmdiRGRaVE8rbkp6M3JkWnRFWU8rUS9nNkJ3WitPQksKdmxDUlpscHgxYlFMd1dSd1RZY1RUdXp1RUJWUElmak0xUDVNYVBYZEF3SURBUUFCbzBJd1FEQU9CZ05WSFE4QgpBZjhFQkFNQ0FxUXdEd1lEVlIwVEFRSC9CQVV3QXdFQi96QWRCZ05WSFE0RUZnUVVNeER0dkY0dzJQTDN3cXBYClRjUlZZczZtK3RBd0RRWUpLb1pJaHZjTkFRRUxCUUFEZ2dJQkFCZXV6U3plL25rNk82cGtTeVEweisrQ2Z2SWgKU2FqZ2grMHRUdFViNkM1NE1zVmpxaTFKSG9jdUVaR2dpMmEwbUxITDduUVc0NnhxT2JINE9yTzYxUjBENG40RwpESlRBcFZ6a0wzSXB3OUt0TUZ3bTRHSFVkazU4b3I4cXpBajNCK3Faa25zTUcxeTZMb1lEUHNDRWJRR0tGOVZQClVJUWZjM2Y2LzkrZ3d1WGRKQ1B5T2RJczBUem4yWEtiUHFFRzEyNWIxdmc4bFJEd2QzRDVjWkwxK2ZUeGJOZ1gKRXZ1UHRlZ3h5ZVdKeVVsVUNtRDBOMU1wMG9ETitjT3BFb1Zwblg5ZlV6R0FEaEFPRVgyRjN2b2w1VUh2YktoNQpPWjAzSGV0b3h0clU5bVlaQjYvOHFoWWFMQmtlTElLdzZUS2J6SmNkNURZejBmWmQ1YVFGamJYc0dyZ1hXN3pyCkNnQ202UVRJbnZnbG9yVmFmUHJ0cHVWTXJCdDV5ZkZ5QmJXNjhQR2RtRnJ2b1poNVpla243VTc3RmwyY0JOalAKK1BReXN5bjZMZlBHakpleG8xS053R3puK1cvVStOSUUza3FSL290eGFFTkN5UU1neFc0d2ZaYnJTeWtHejY0bQpTVDBIcElSUkpJdTJHSEFGZjgzNExsKzNKUHV3SmJWUTVuVmNSWmhvVkhoVVoycEprM3RGUFp4c3VFVG8zbGNmCnhpcW9OaGx6NDQwRmpUVzRJRjhNcW5oZm9aUGxOcjVRb3g5WVRTWTZoNjRIZVBJbUN0TlhoMTA2S0FXZnBRdXoKTThGeE5CajkxLytCSEpkQnNsMFZMMkw1M3A1WFpCbmJjOEJHQmtvdU1HcVlyOUJTMnQ3QXEvUVMwK1JFMHYydwp3UmYwdUpPa2drVWdMYjZuCi0tLS0tRU5EIENFUlRJRklDQVRFLS0tLS0K",
                "host": "https://aks-lrcrj6ok.hcp.swedencentral.azmk8s.io:443",
                "password": "vney7yop74zty5csfdbs2m4fxk92u9hkcvaf8haw027esqgok0u99rjlumnhm3xvkncbv5i6fnz4gt0ulaxtdi0qd5fkxw3gtn5t5000vbnthduuf1kv2obzjej2zft2",
                "username": "clusterUser_rg-spoke-aks-simple_aks-cluster"
              }
            ],
            "kube_config_raw": "apiVersion: v1\nclusters:\n- cluster:\n    certificate-authority-data: LS0tLS1CRUdJTiBDRVJUSUZJQ0FURS0tLS0tCk1JSUU2RENDQXRDZ0F3SUJBZ0lRVmE3L2NKKys3SE5aTGdEYUo3cnEvVEFOQmdrcWhraUc5dzBCQVFzRkFEQU4KTVFzd0NRWURWUVFERXdKallUQWdGdzB5TlRBMU1qQXdOalV4TlRCYUdBOHlNRFUxTURVeU1EQTNNREUxTUZvdwpEVEVMTUFrR0ExVUVBeE1DWTJFd2dnSWlNQTBHQ1NxR1NJYjNEUUVCQVFVQUE0SUNEd0F3Z2dJS0FvSUNBUURBCkg3dnlrTjlZb1pMdEIrUERuN200WTNwZVJXREF1VWNvZG81ZUYvMW5aem8vYjdTZldEL2NzSUMvbGdEVi8rbGYKajZQZHpmMHJDWkQ5T0JLNFQvRHExS2NpZDR2ZStDVmJZMk5CdHBGdGh5Y29STU9pWEZZRWkydWNtTndBY0ZQdgpMTzlHMVdRRld6aDgyd3o0M2h3L0hoT1NsdEExVncraGZ2bTR0QUpEN0VwRXN2RjhqL0hrZENqR1IvZGxJTTlCClM4eHFNSlRJZ0RXRlRvdmRiMk9yNjY4N2l6YUZLZXNOWG5VM0djU1M1VHEwRHNQNE5xdEQxL3FjaHF4MUJ3VEcKL01uK0tNcTNCMjlORjN1L3crYzBJSzFMVGVGVFhweFl0UW01N293RGZCS3M1M0R3cEk4RFNYSEFpYW9PQU91bgp5akxMZEkrbElXbWd5SGFvNUhlM1VKV3dxOVdaVm5tS0Fsd3NmMWdpUFBSQmJaRU9MaS9kTFFIV2tsRWhCbDNOCkxjNWVja3dFZWpjWWsvUW5lckhUdVVFY3ltTFQ3YVN2d1BjeU01VEJXczhmUHhFTlcvR3JVZDJtbk42TEpuTysKRDVwN2hYbWVnc29jYlVMT001SHp6WFEwRGpkYmxwdHE5ZGV4Y29BU2t0NXljZXBod3QvVlJISVY0OUxUMjZxRQozcklhYzJ5MXpobDU4ZjVqZlJPNFYxL2FSTENZeHlYZWJiODRmREFqaDBzU1JCMzYzZzJVeW1qd3JqL3l0T2hrCk9keFFjS2JlNmF6eXA5VFRTOERTYnF5YXFkZ2RnWjhLWmdiRGRaVE8rbkp6M3JkWnRFWU8rUS9nNkJ3WitPQksKdmxDUlpscHgxYlFMd1dSd1RZY1RUdXp1RUJWUElmak0xUDVNYVBYZEF3SURBUUFCbzBJd1FEQU9CZ05WSFE4QgpBZjhFQkFNQ0FxUXdEd1lEVlIwVEFRSC9CQVV3QXdFQi96QWRCZ05WSFE0RUZnUVVNeER0dkY0dzJQTDN3cXBYClRjUlZZczZtK3RBd0RRWUpLb1pJaHZjTkFRRUxCUUFEZ2dJQkFCZXV6U3plL25rNk82cGtTeVEweisrQ2Z2SWgKU2FqZ2grMHRUdFViNkM1NE1zVmpxaTFKSG9jdUVaR2dpMmEwbUxITDduUVc0NnhxT2JINE9yTzYxUjBENG40RwpESlRBcFZ6a0wzSXB3OUt0TUZ3bTRHSFVkazU4b3I4cXpBajNCK3Faa25zTUcxeTZMb1lEUHNDRWJRR0tGOVZQClVJUWZjM2Y2LzkrZ3d1WGRKQ1B5T2RJczBUem4yWEtiUHFFRzEyNWIxdmc4bFJEd2QzRDVjWkwxK2ZUeGJOZ1gKRXZ1UHRlZ3h5ZVdKeVVsVUNtRDBOMU1wMG9ETitjT3BFb1Zwblg5ZlV6R0FEaEFPRVgyRjN2b2w1VUh2YktoNQpPWjAzSGV0b3h0clU5bVlaQjYvOHFoWWFMQmtlTElLdzZUS2J6SmNkNURZejBmWmQ1YVFGamJYc0dyZ1hXN3pyCkNnQ202UVRJbnZnbG9yVmFmUHJ0cHVWTXJCdDV5ZkZ5QmJXNjhQR2RtRnJ2b1poNVpla243VTc3RmwyY0JOalAKK1BReXN5bjZMZlBHakpleG8xS053R3puK1cvVStOSUUza3FSL290eGFFTkN5UU1neFc0d2ZaYnJTeWtHejY0bQpTVDBIcElSUkpJdTJHSEFGZjgzNExsKzNKUHV3SmJWUTVuVmNSWmhvVkhoVVoycEprM3RGUFp4c3VFVG8zbGNmCnhpcW9OaGx6NDQwRmpUVzRJRjhNcW5oZm9aUGxOcjVRb3g5WVRTWTZoNjRIZVBJbUN0TlhoMTA2S0FXZnBRdXoKTThGeE5CajkxLytCSEpkQnNsMFZMMkw1M3A1WFpCbmJjOEJHQmtvdU1HcVlyOUJTMnQ3QXEvUVMwK1JFMHYydwp3UmYwdUpPa2drVWdMYjZuCi0tLS0tRU5EIENFUlRJRklDQVRFLS0tLS0K\n    server: https://aks-lrcrj6ok.hcp.swedencentral.azmk8s.io:443\n  name: aks-cluster\ncontexts:\n- context:\n    cluster: aks-cluster\n    user: clusterUser_rg-spoke-aks-simple_aks-cluster\n  name: aks-cluster\ncurrent-context: aks-cluster\nkind: Config\npreferences: {}\nusers:\n- name: clusterUser_rg-spoke-aks-simple_aks-cluster\n  user:\n    client-certificate-data: LS0tLS1CRUdJTiBDRVJUSUZJQ0FURS0tLS0tCk1JSUZIakNDQXdhZ0F3SUJBZ0lSQUk1Tm1FTWxhNFB1eVlHR0JkSDBEdEF3RFFZSktvWklodmNOQVFFTEJRQXcKRFRFTE1Ba0dBMVVFQXhNQ1kyRXdIaGNOTWpVd05USXdNRFkxTVRVd1doY05NamN3TlRJd01EY3dNVFV3V2pBdwpNUmN3RlFZRFZRUUtFdzV6ZVhOMFpXMDZiV0Z6ZEdWeWN6RVZNQk1HQTFVRUF4TU1iV0Z6ZEdWeVkyeHBaVzUwCk1JSUNJakFOQmdrcWhraUc5dzBCQVFFRkFBT0NBZzhBTUlJQ0NnS0NBZ0VBenlnUWxLM2FuWnZRaHVNd21LY2gKbU9XazhpMUpCenlrbUZGUG1RUTVRVlZJQ1hiR2w1d2xqSnBPb0FFaGlDQ1BWeTZRS0NySFp5aG5wc3BnWVR5QwplQ0NOaUk3KzBqdmJtVXRKT1p5YllTUDNjaEtzV3JXMjc4WmFCSnFSNSt0UnRiVnFIc2ZKT1RCL3BxVnQ2eHc1CnIzUkZ6OU9wM0ZoWmQyeW1kVDBoanU3MDZIYXdEZ0RTWmNaZ0RwQWZ1SmtzWGdrWGpBVTVBaXZMQnpOWnZ2SHUKNzlscVYydVVDV09hektBdkEzSm1HTkdKd284aCtWUlgyaDh6b3A5dkN1OUZEMkxmY3BLM05YUWk2d3NuMkdVQQpwNWN4R2QzRENCejJnNmJXTG4yUFlLeWFNVktzeVo1RWE3Zi92dElIRzNsWHNvUk52ZkNWUWJoeFM4R2c4SWFaCnprcVdqUzNKWVgwK1AvcEZnbUZJeHJvUzZSQ08yeEgwUHJ2YnFmN0U2b0dROHl5Sm4zcGhKUlNCYWVmMHlKdVYKcHh3U3VkTHhUZlVDb0F5OW1yRUF4d2ZvdzFSbStYTWVYeUhxV0ZzOWFTZnlPZVkvcXUrbUxPRE4wUnM0OFh0Tgo1cnhXT21JQXA0c1YrT2ZyWUtwWVJEZVA3N0dpV3EzM2l4NlhOdEJacGRxMlVqcFlGdnNFY2VqenVKWVlFYXF5CmR5VHpKd041QUE5Wjl6K3pCVnZSK2lHN1g3ODg0a1k0Yk5FMTN3RmxCd2dKcFZnV2JSQmVHZ0NidEYwWmhTTy8Ka3l6KzFROHVGVmVOREM3dTdFa3dXK0xLaExnUmFBRUlCUHpsYUJmZloyK01RU1NINjhIb0JQK1p1Z0NtODlPeAo5ZkVPc1hyZkhSb1Y3RUFBTjJmYk5Jc0NBd0VBQWFOV01GUXdEZ1lEVlIwUEFRSC9CQVFEQWdXZ01CTUdBMVVkCkpRUU1NQW9HQ0NzR0FRVUZCd01DTUF3R0ExVWRFd0VCL3dRQ01BQXdId1lEVlIwakJCZ3dGb0FVTXhEdHZGNHcKMlBMM3dxcFhUY1JWWXM2bSt0QXdEUVlKS29aSWh2Y05BUUVMQlFBRGdnSUJBR2lGS2NNN2ZkZDl4K1hOelBySgp3eUJGYm9OYVhiME5nMTBGOVMrQklpUHNPRmkzckRPTzkvSytSZlY3cGVJWFhYNzJGRC9RcXZNSDgvVCtuMkxaCnFPa2ZHWGxjRklubmtqK0JxNTRXVlJyVjZTYWhpeWZ1Zkt0N0l1b1ZaSlY3UTQ2R2tGZUl5NmgrNk9Vd1BKcUoKU25IYnZBTkJORTEvemNTQVdEbTNmbVFrM2FIRWx1SnlFZTlzcU41b1Z2U0RBcEhzRTNVd3JpV0w4YXJ1QTROQgpma0w1TU1yK1o1S1VKNGpnR2NKeTV1MnN1Qk4wZ2UxVXZEWWNwaVpSVURLd0VzR2dDMDZxVVZuaGxna2tsUVpsClVET2MrUHduenRwbkdWTjFMQzBNcXFZbE9SVnU5bUlFQnlwbXpJbHE1SFYxdjI2Mi9lQUZWcGtyNXp1ZHVucHQKaUNYTTUrYkVLdkZXRXNHenFONWpIWGlMS2NXaXZFdmtnK3NSSHVHS08vUmM1bVVKMVlZR2t5ZmltRGpmYmoyYgpMMzBpdHpFaUpaZEUvSXZCRnBnUHFzY1ljZFhXdUNOcDR2OFFIY254NS84WkY2eHhodTl2NS9lKy9CY1VWb1pZClNnZmF1a1dzd2s2R0l2VTk0TzdBR3BoMElMOVFRK2xoR2RTTTZSM1hLNG1nZHpkRXo0djVkVE96ZkVZeTQvancKY010VGg3ZlFzZVVRcmRXNDdhc0E4T21XbnRIMFRiOFRSRjYrZEJTU2F5Z1pTaS9TTlFaNlU3V3RKTVdyU2Y5MQpicy9WOFl5MVVGWHc3aCtMcnlSNTZXeGN4RWlhckhhc3NwZVVQdkRLRUZ0cFJ2bkZPR2l6VmpVRzJMWHlQZlRYClh4YXdGYnp5b0YvM2tGT0ozaUU4Ynl3SAotLS0tLUVORCBDRVJUSUZJQ0FURS0tLS0tCg==\n    client-key-data: LS0tLS1CRUdJTiBSU0EgUFJJVkFURSBLRVktLS0tLQpNSUlKS2dJQkFBS0NBZ0VBenlnUWxLM2FuWnZRaHVNd21LY2htT1drOGkxSkJ6eWttRkZQbVFRNVFWVklDWGJHCmw1d2xqSnBPb0FFaGlDQ1BWeTZRS0NySFp5aG5wc3BnWVR5Q2VDQ05pSTcrMGp2Ym1VdEpPWnliWVNQM2NoS3MKV3JXMjc4WmFCSnFSNSt0UnRiVnFIc2ZKT1RCL3BxVnQ2eHc1cjNSRno5T3AzRmhaZDJ5bWRUMGhqdTcwNkhhdwpEZ0RTWmNaZ0RwQWZ1SmtzWGdrWGpBVTVBaXZMQnpOWnZ2SHU3OWxxVjJ1VUNXT2F6S0F2QTNKbUdOR0p3bzhoCitWUlgyaDh6b3A5dkN1OUZEMkxmY3BLM05YUWk2d3NuMkdVQXA1Y3hHZDNEQ0J6Mmc2YldMbjJQWUt5YU1WS3MKeVo1RWE3Zi92dElIRzNsWHNvUk52ZkNWUWJoeFM4R2c4SWFaemtxV2pTM0pZWDArUC9wRmdtRkl4cm9TNlJDTwoyeEgwUHJ2YnFmN0U2b0dROHl5Sm4zcGhKUlNCYWVmMHlKdVZweHdTdWRMeFRmVUNvQXk5bXJFQXh3Zm93MVJtCitYTWVYeUhxV0ZzOWFTZnlPZVkvcXUrbUxPRE4wUnM0OFh0TjVyeFdPbUlBcDRzVitPZnJZS3BZUkRlUDc3R2kKV3EzM2l4NlhOdEJacGRxMlVqcFlGdnNFY2VqenVKWVlFYXF5ZHlUekp3TjVBQTlaOXorekJWdlIraUc3WDc4OAo0a1k0Yk5FMTN3RmxCd2dKcFZnV2JSQmVHZ0NidEYwWmhTTy9reXorMVE4dUZWZU5EQzd1N0Vrd1crTEtoTGdSCmFBRUlCUHpsYUJmZloyK01RU1NINjhIb0JQK1p1Z0NtODlPeDlmRU9zWHJmSFJvVjdFQUFOMmZiTklzQ0F3RUEKQVFLQ0FnRUF0K0VyWHA0M3FLRVBaend3L2IrVTNnQXgrdG5oc2UvTmRucnVlYmU3RHRnaFdtMDQrSWljK0FKYwpla0Ntd0F1TzBPYy9CTGg4U1lBZkNYa29OZ2VkRS81cFEyY1NvQkNMNjdWZEtTdHU3TG9kUWY5N1NBVjJmYjJHCldBSFFNNW00N044OGRGZ0lzSi94SHo1R3BHUm9lK3Bzc1g2RGoxaEpDZTNDajl5VWRpaDc4Z0N3WTYydEZMUVMKdmJxR3ZiZ1JIdU5aS0d2V1g2djV5c2wxQnozL1JwMnBmREc4dE56YUlucXBZSmppTVhPRm9kS2xhSWpLZG80dApxbE4xSUxLa2pYVEpQUTBvWE9WYXZXSW9temVFYmo2UlVoRjd0aTduVHBNQUdVSlF5NUpLU0MvSHVpdW5OaXFjCmM0aEEwTTFUMzl6Nm1QZjl0Tm1BajZzdkxYRjlBWHhtdnlFektDZUZrZHExV3N5NzFqVVhEc1hLWS9lS0hNOS8Kd2VjbjBKZTZhRVhDdXp1WXB1US8zcmZzVkFDeDFQc2hEaVZhNzJ6UHUvOFhLNDc1RUhUOWFpbEliSFYvbmZrRgpYOHdFc2kzMGliYUYySEVkUjJyRjlSZjc3SVRtYWJwMnpSRE5nUWY4bUpzMktCNWJHckt1U3RKc0NXM0ZYYy9uCjFBVjI2OE14MGVNeW40V29yQlhXbEl3UkpnbVErUy93bkQwaHozaGFvTUhFdFNveU93Q3NXek53TlRPZkhacVIKYzgvZ3BoS0xPcHhja1ZYa3lCQkprK2hmbi8xWGxSenErK2VrZWZVeEdzM2Z1WnBaYlJIaHV5VTdUWDJoYWR4cwpudkpvRU1mc2xXZXZJQVA1dlBMRVNDdi85d0ZSVDlZZzZqaWU0NEcyazlhZFBvdmZXNEVDZ2dFQkFPSnF3LzltCm5tay8yaStwNUZnZFplbXJxWEN5cGJxUzc5RVlPL0JnZ25NaE44M01JeDlEdElBcUkvWlNxdDhQd3FQaHNEYnYKQkljTTQyUXdQL2FNM1FldlJ1ZTJOYk1GUkwzRWZFUS9KaGk1NGs0U1dTek02cWhGVEEwM29DQ216R0crc2VPRwp5QkpXdFBSNDQ4aGNtM1g5QkljS3hvZjkzeDRHZGk1dWEwa0dYWmFVSTBBTjh6dDVrcmtDYS9IcStieVUvZjNCCkkyWllDcTlhVDF4TjZQYjZEYjdYQUtlTjJEM1VMdWpJeFl4WkVvb3NLemFhZG41Rlh2cWNVMDRnYmZtMDBFMFQKOWpoSW9JZUZNRmlBdXhuZVJmZ2l4bWhwVWVLeUpibDVyOWF1MnlPb3M2cGlzazJzUzBsMlZvcTJGS2hvKzBCZgp4UHlWR0xSSzBMQ29rVXNDZ2dFQkFPbzVFYk0wbVBPeHJkd2t4Q3JPS3Z4RnU5RDc3eEFmeVFMSG5QamNhZXllCkNTV1A4cHYwZG9lVFhDMU5QSVg4Zk1vNmgxQUtOR0M3RmZDZDQ2WnA3NVNudkRzdUwwNnppdHhTL1VjbHhUQlAKV0kyemM2MWY2RzhOTHM1cE9XQXF4Y1RxQXpaNWFENERXSFY3eXpVOUFBU1dXVk03bmw0V3psN0d5TUFjc2hoWQpYVWg0cXF4eHVCTERyVXpTdjNuSzN1UkN2QWc3RkJGNWVmeUJDeGdmWjhPRjBjZTgwbzZiWGNSTWxjTFczM1k4CmFhc3hhYmJaUzJsd21hcHFaTGNSMk1FUW81b1lDWlB6WDVyaTZ1aDk2N0l3bXQ1Nng4NjFmUTczdFRINkdSa3QKaVp6SDVacjNKR2dXY1V3cll1blV6MnBHSG5iNXJxTjFpNFlKS0k1QkljRUNnZ0VCQUpDUUFweHJkUEZXWjRUUApRSkJTRk9QaFNzbytCanJkM21qdXhEWnlLRmhCK1ZOWTU0UHF3ckNpTjF2cTVGYVB4WUxGY3JGZ1lzK25sdmc5CkpsblJEcjc5VnBSVGJtM2pDMFR1MHpqdjZPOFlvRG1nMVhjWlR5b3BOS21ydm4yYWdoeFdtVlhnbEpYQTdzQzQKL3hiS3FpZm5hS0NnYktvZm1mbWR2bzlleVBsVEt5WWRaM1JhYzlhaGhPRERmeEJ6S3drUlNDcGd5cTFwd1VpOApyTGNPdDVRWmkvVXhhYVdSbDJQQ3VrQy9FQUxRVEZvVVlYTDNwSGh5Nm5Xd29pL2IzTnYyYXBrTUNjVmQrY0VOCmRSVE0vS2xEbGdFY2t2blBaUTBOR2JFVzFRS0ptamxtV1hDTW03T2tNbDJ4UlFoRHdXVFZ3cllUYjc2bG82UloKc0cxYTg0a0NnZ0VCQUpzQjRjRGpra1hVMU9iWVBpckYvcFN0NGJwUXdNbSsvMXlqbGpMc1MvMllLUjErd21TTAp5Tlc0cEV3bXpXTXUwYmRVUExDdjBESWtIa1Q3ZU9sdE9tejdCUXQxYVVHQWVPbU8wcWYvU3h6SnBpVkJHZEVuCm83KzZ6YnMwMEEvZ3ZybXUxU2w3OTR6eTBkd09iVkZ5YVV5ZjQ4VzlzdlU1eXFIV2xJenZjTDNEM1JoVkl6NjAKazhsM1RuMkZDOHNpZzVnMHdoUUFaU3ViWlN2Q2l3RVA1Ni95SS84MzYzRU5TV1RiK2xEVHUxZVlhNllzTVhZZApJRmRMZWFiYWVvVGRmc0Ztclo4UlFXVjByMVRseitqRlRQTEVUL25rNzg3Uk5VNXVpSy9tZ0MyMWdWa013ZHRvCnErTm0xdHc5Nmx3dHhvYmltTTdNTnROZXUxT2RSQVhBL1FFQ2dnRUFHZ2ZTN2ZSL3pxaW1NQnhnT3JDWVdEYmcKaFRDY2R4dEk0djl4SWVVUjVnelJhKytseUVZTk8zTDJndEZHd3ZTVHVIbDN0K04wbVhrWm5CTzdhc0YyNmVXdwpyTUNxQ2o5NGRUTjRzMmYyZDZZQnAyMTFpUUZYUWRlTHBTNTBYT2cwUUlLV05ibWJoaTIxbCtqcHNDSHhqaG9mCi94eGwxOTBTT09ublo2cWpaTGg4eHd6a1o4Z211MEUwRUZ5ZnZ6eVhYazJ2RCtncEZMeExNaTBTVVA2TVpJb2IKcWUzZ1pEM3dZenRrTjBOcE80NVAwVldiRndlb1F4VTNCaXB1allPZlY5ZHdzSU9WN0RCOTFNVUE4Rms4S25JZgo4aCsyQ3FUQ3AveXJZcHA5STgzRXNqcW9WU2ZHek9WVEIwKzZaTHJFdW0vVkZqWm1qdXYrNWdlaldrVm1UZz09Ci0tLS0tRU5EIFJTQSBQUklWQVRFIEtFWS0tLS0tCg==\n    token: vney7yop74zty5csfdbs2m4fxk92u9hkcvaf8haw027esqgok0u99rjlumnhm3xvkncbv5i6fnz4gt0ulaxtdi0qd5fkxw3gtn5t5000vbnthduuf1kv2obzjej2zft2\n",
            "kubelet_identity": [
              {
                "client_id": "e653e9ab-f32e-47de-8dc6-60b32962f305",
                "object_id": "f029e1d3-a37e-4ed5-ad47-c01e6f6ee13b",
                "user_assigned_identity_id": "/subscriptions/dcef7009-6b94-4382-afdc-17eb160d709a/resourceGroups/MC_rg-spoke-aks-simple_aks-cluster_swedencentral/providers/Microsoft.ManagedIdentity/userAssignedIdentities/aks-cluster-agentpool"
              }
            ],
            "kubernetes_version": "1.33.0",
            "linux_profile": [],
            "local_account_disabled": false,
            "location": "swedencentral",
            "maintenance_window": [],
            "maintenance_window_auto_upgrade": [],
            "maintenance_window_node_os": [],
            "microsoft_defender": [],
            "monitor_metrics": [],
            "name": "aks-cluster",
            "network_profile": [
              {
                "dns_service_ip": "10.128.0.10",
                "ip_versions": [
                  "IPv4"
                ],
                "load_balancer_profile": [
                  {
                    "backend_pool_type": "NodeIPConfiguration",
                    "effective_outbound_ips": [],
                    "idle_timeout_in_minutes": 0,
                    "managed_outbound_ip_count": 0,
                    "managed_outbound_ipv6_count": 0,
                    "outbound_ip_address_ids": [],
                    "outbound_ip_prefix_ids": [],
                    "outbound_ports_allocated": 0
                  }
                ],
                "load_balancer_sku": "standard",
                "nat_gateway_profile": [],
                "network_data_plane": "cilium",
                "network_mode": "",
                "network_plugin": "azure",
                "network_plugin_mode": "overlay",
                "network_policy": "cilium",
                "outbound_type": "userDefinedRouting",
                "pod_cidr": "10.10.240.0/20",
                "pod_cidrs": [
                  "10.10.240.0/20"
                ],
                "service_cidr": "10.128.0.0/22",
                "service_cidrs": [
                  "10.128.0.0/22"
                ]
              }
            ],
            "node_os_upgrade_channel": "NodeImage",
            "node_resource_group": "MC_rg-spoke-aks-simple_aks-cluster_swedencentral",
            "node_resource_group_id": "/subscriptions/dcef7009-6b94-4382-afdc-17eb160d709a/resourceGroups/MC_rg-spoke-aks-simple_aks-cluster_swedencentral",
            "oidc_issuer_enabled": false,
            "oidc_issuer_url": "",
            "oms_agent": [],
            "open_service_mesh_enabled": false,
            "portal_fqdn": "aks-lrcrj6ok.portal.hcp.swedencentral.azmk8s.io",
            "private_cluster_enabled": false,
            "private_cluster_public_fqdn_enabled": false,
            "private_dns_zone_id": "",
            "private_fqdn": "",
            "resource_group_name": "rg-spoke-aks-simple",
            "role_based_access_control_enabled": false,
            "run_command_enabled": false,
            "service_mesh_profile": [],
            "service_principal": [],
            "sku_tier": "Free",
            "storage_profile": [],
            "support_plan": "KubernetesOfficial",
            "tags": null,
            "timeouts": null,
            "upgrade_override": [],
            "web_app_routing": [],
            "windows_profile": [
              {
                "admin_password": "",
                "admin_username": "azureuser",
                "gmsa": [],
                "license": ""
              }
            ],
            "workload_autoscaler_profile": [],
            "workload_identity_enabled": false
          },
          "sensitive_attributes": [
            [
              {
                "type": "get_attr",
                "value": "kube_admin_config"
              }
            ],
            [
              {
                "type": "get_attr",
                "value": "kube_admin_config_raw"
              }
            ],
            [
              {
                "type": "get_attr",
                "value": "kube_config"
              }
            ],
            [
              {
                "type": "get_attr",
                "value": "kube_config_raw"
              }
            ],
            [
              {
                "type": "get_attr",
                "value": "windows_profile"
              },
              {
                "type": "index",
                "value": {
                  "value": 0,
                  "type": "number"
                }
              },
              {
                "type": "get_attr",
                "value": "admin_password"
              }
            ]
          ],
          "identity_schema_version": 0,
          "private": "eyJlMmJmYjczMC1lY2FhLTExZTYtOGY4OC0zNDM2M2JjN2M0YzAiOnsiY3JlYXRlIjo1NDAwMDAwMDAwMDAwLCJkZWxldGUiOjU0MDAwMDAwMDAwMDAsInJlYWQiOjMwMDAwMDAwMDAwMCwidXBkYXRlIjo1NDAwMDAwMDAwMDAwfSwic2NoZW1hX3ZlcnNpb24iOiIyIn0=",
          "dependencies": [
            "azurerm_resource_group.rg",
            "azurerm_route_table.route_table",
            "azurerm_subnet.snet_aks",
            "azurerm_subnet_route_table_association.association_rt_subnet_aks",
            "azurerm_user_assigned_identity.identity_aks",
            "azurerm_virtual_network.vnet_spoke_aks"
          ]
        }
      ]
    },
    {
      "mode": "managed",
      "type": "azurerm_resource_group",
      "name": "rg",
      "provider": "provider[\"registry.terraform.io/hashicorp/azurerm\"]",
      "instances": [
        {
          "schema_version": 0,
          "attributes": {
            "id": "/subscriptions/dcef7009-6b94-4382-afdc-17eb160d709a/resourceGroups/rg-spoke-aks-simple",
            "location": "swedencentral",
            "managed_by": "",
            "name": "rg-spoke-aks-simple",
            "tags": null,
            "timeouts": null
          },
          "sensitive_attributes": [],
          "identity_schema_version": 0,
          "private": "eyJlMmJmYjczMC1lY2FhLTExZTYtOGY4OC0zNDM2M2JjN2M0YzAiOnsiY3JlYXRlIjo1NDAwMDAwMDAwMDAwLCJkZWxldGUiOjU0MDAwMDAwMDAwMDAsInJlYWQiOjMwMDAwMDAwMDAwMCwidXBkYXRlIjo1NDAwMDAwMDAwMDAwfX0="
        }
      ]
    },
    {
      "mode": "managed",
      "type": "azurerm_role_assignment",
      "name": "role_identity_aks_network_contributor",
      "provider": "provider[\"registry.terraform.io/hashicorp/azurerm\"]",
      "instances": [
        {
          "schema_version": 0,
          "attributes": {
            "condition": "",
            "condition_version": "",
            "delegated_managed_identity_resource_id": "",
            "description": "",
            "id": "/subscriptions/dcef7009-6b94-4382-afdc-17eb160d709a/resourceGroups/rg-spoke-aks-simple/providers/Microsoft.Network/virtualNetworks/vnet-spoke-aks-simple/providers/Microsoft.Authorization/roleAssignments/9175c7a0-3c63-e961-0ea4-c4739b92ec36",
            "name": "9175c7a0-3c63-e961-0ea4-c4739b92ec36",
            "principal_id": "ec6db022-a9b8-45f2-9345-bc3b178c1a11",
            "principal_type": "ServicePrincipal",
            "role_definition_id": "/subscriptions/dcef7009-6b94-4382-afdc-17eb160d709a/providers/Microsoft.Authorization/roleDefinitions/4d97b98b-1d4f-4787-a291-c67834d212e7",
            "role_definition_name": "Network Contributor",
            "scope": "/subscriptions/dcef7009-6b94-4382-afdc-17eb160d709a/resourceGroups/rg-spoke-aks-simple/providers/Microsoft.Network/virtualNetworks/vnet-spoke-aks-simple",
            "skip_service_principal_aad_check": true,
            "timeouts": null
          },
          "sensitive_attributes": [],
          "identity_schema_version": 0,
          "private": "eyJlMmJmYjczMC1lY2FhLTExZTYtOGY4OC0zNDM2M2JjN2M0YzAiOnsiY3JlYXRlIjoxODAwMDAwMDAwMDAwLCJkZWxldGUiOjE4MDAwMDAwMDAwMDAsInJlYWQiOjMwMDAwMDAwMDAwMH19",
          "dependencies": [
            "azurerm_resource_group.rg",
            "azurerm_user_assigned_identity.identity_aks",
            "azurerm_virtual_network.vnet_spoke_aks"
          ]
        }
      ]
    },
    {
      "mode": "managed",
      "type": "azurerm_route",
      "name": "route_to_firewall",
      "provider": "provider[\"registry.terraform.io/hashicorp/azurerm\"]",
      "instances": [
        {
          "schema_version": 0,
          "attributes": {
            "address_prefix": "0.0.0.0/0",
            "id": "/subscriptions/dcef7009-6b94-4382-afdc-17eb160d709a/resourceGroups/rg-spoke-aks-simple/providers/Microsoft.Network/routeTables/route-table/routes/route-to-firewall",
            "name": "route-to-firewall",
            "next_hop_in_ip_address": "172.16.0.4",
            "next_hop_type": "VirtualAppliance",
            "resource_group_name": "rg-spoke-aks-simple",
            "route_table_name": "route-table",
            "timeouts": null
          },
          "sensitive_attributes": [],
          "identity_schema_version": 0,
          "private": "eyJlMmJmYjczMC1lY2FhLTExZTYtOGY4OC0zNDM2M2JjN2M0YzAiOnsiY3JlYXRlIjoxODAwMDAwMDAwMDAwLCJkZWxldGUiOjE4MDAwMDAwMDAwMDAsInJlYWQiOjMwMDAwMDAwMDAwMCwidXBkYXRlIjoxODAwMDAwMDAwMDAwfX0=",
          "dependencies": [
            "azurerm_resource_group.rg",
            "azurerm_route_table.route_table",
            "data.terraform_remote_state.hub"
          ]
        }
      ]
    },
    {
      "mode": "managed",
      "type": "azurerm_route_table",
      "name": "route_table",
      "provider": "provider[\"registry.terraform.io/hashicorp/azurerm\"]",
      "instances": [
        {
          "schema_version": 0,
          "attributes": {
            "bgp_route_propagation_enabled": true,
            "id": "/subscriptions/dcef7009-6b94-4382-afdc-17eb160d709a/resourceGroups/rg-spoke-aks-simple/providers/Microsoft.Network/routeTables/route-table",
            "location": "swedencentral",
            "name": "route-table",
            "resource_group_name": "rg-spoke-aks-simple",
            "route": [],
            "subnets": [],
            "tags": null,
            "timeouts": null
          },
          "sensitive_attributes": [],
          "identity_schema_version": 0,
          "private": "eyJlMmJmYjczMC1lY2FhLTExZTYtOGY4OC0zNDM2M2JjN2M0YzAiOnsiY3JlYXRlIjoxODAwMDAwMDAwMDAwLCJkZWxldGUiOjE4MDAwMDAwMDAwMDAsInJlYWQiOjMwMDAwMDAwMDAwMCwidXBkYXRlIjoxODAwMDAwMDAwMDAwfX0=",
          "dependencies": [
            "azurerm_resource_group.rg"
          ]
        }
      ]
    },
    {
      "mode": "managed",
      "type": "azurerm_subnet",
      "name": "snet_aks",
      "provider": "provider[\"registry.terraform.io/hashicorp/azurerm\"]",
      "instances": [
        {
          "schema_version": 0,
          "attributes": {
            "address_prefixes": [
              "10.1.1.0/24"
            ],
            "default_outbound_access_enabled": true,
            "delegation": [],
            "id": "/subscriptions/dcef7009-6b94-4382-afdc-17eb160d709a/resourceGroups/rg-spoke-aks-simple/providers/Microsoft.Network/virtualNetworks/vnet-spoke-aks-simple/subnets/snet-aks",
            "name": "snet-aks",
            "private_endpoint_network_policies": "Disabled",
            "private_link_service_network_policies_enabled": true,
            "resource_group_name": "rg-spoke-aks-simple",
            "service_endpoint_policy_ids": null,
            "service_endpoints": null,
            "timeouts": null,
            "virtual_network_name": "vnet-spoke-aks-simple"
          },
          "sensitive_attributes": [],
          "identity_schema_version": 0,
          "private": "eyJlMmJmYjczMC1lY2FhLTExZTYtOGY4OC0zNDM2M2JjN2M0YzAiOnsiY3JlYXRlIjoxODAwMDAwMDAwMDAwLCJkZWxldGUiOjE4MDAwMDAwMDAwMDAsInJlYWQiOjMwMDAwMDAwMDAwMCwidXBkYXRlIjoxODAwMDAwMDAwMDAwfX0=",
          "dependencies": [
            "azurerm_resource_group.rg",
            "azurerm_virtual_network.vnet_spoke_aks"
          ]
        }
      ]
    },
    {
      "mode": "managed",
      "type": "azurerm_subnet_route_table_association",
      "name": "association_rt_subnet_aks",
      "provider": "provider[\"registry.terraform.io/hashicorp/azurerm\"]",
      "instances": [
        {
          "schema_version": 0,
          "attributes": {
            "id": "/subscriptions/dcef7009-6b94-4382-afdc-17eb160d709a/resourceGroups/rg-spoke-aks-simple/providers/Microsoft.Network/virtualNetworks/vnet-spoke-aks-simple/subnets/snet-aks",
            "route_table_id": "/subscriptions/dcef7009-6b94-4382-afdc-17eb160d709a/resourceGroups/rg-spoke-aks-simple/providers/Microsoft.Network/routeTables/route-table",
            "subnet_id": "/subscriptions/dcef7009-6b94-4382-afdc-17eb160d709a/resourceGroups/rg-spoke-aks-simple/providers/Microsoft.Network/virtualNetworks/vnet-spoke-aks-simple/subnets/snet-aks",
            "timeouts": null
          },
          "sensitive_attributes": [],
          "identity_schema_version": 0,
          "private": "eyJlMmJmYjczMC1lY2FhLTExZTYtOGY4OC0zNDM2M2JjN2M0YzAiOnsiY3JlYXRlIjoxODAwMDAwMDAwMDAwLCJkZWxldGUiOjE4MDAwMDAwMDAwMDAsInJlYWQiOjMwMDAwMDAwMDAwMH19",
          "dependencies": [
            "azurerm_resource_group.rg",
            "azurerm_route_table.route_table",
            "azurerm_subnet.snet_aks",
            "azurerm_virtual_network.vnet_spoke_aks"
          ]
        }
      ]
    },
    {
      "mode": "managed",
      "type": "azurerm_user_assigned_identity",
      "name": "identity_aks",
      "provider": "provider[\"registry.terraform.io/hashicorp/azurerm\"]",
      "instances": [
        {
          "schema_version": 1,
          "attributes": {
            "client_id": "ceebe38f-72c0-4c8a-ae13-ac40d37b304f",
            "id": "/subscriptions/dcef7009-6b94-4382-afdc-17eb160d709a/resourceGroups/rg-spoke-aks-simple/providers/Microsoft.ManagedIdentity/userAssignedIdentities/identity-aks",
            "location": "swedencentral",
            "name": "identity-aks",
            "principal_id": "ec6db022-a9b8-45f2-9345-bc3b178c1a11",
            "resource_group_name": "rg-spoke-aks-simple",
            "tags": null,
            "tenant_id": "93139d1e-a3c1-4d78-9ed5-878be090eba4",
            "timeouts": null
          },
          "sensitive_attributes": [],
          "identity_schema_version": 0,
          "private": "eyJlMmJmYjczMC1lY2FhLTExZTYtOGY4OC0zNDM2M2JjN2M0YzAiOnsiY3JlYXRlIjoxODAwMDAwMDAwMDAwLCJkZWxldGUiOjE4MDAwMDAwMDAwMDAsInJlYWQiOjMwMDAwMDAwMDAwMCwidXBkYXRlIjoxODAwMDAwMDAwMDAwfSwic2NoZW1hX3ZlcnNpb24iOiIxIn0=",
          "dependencies": [
            "azurerm_resource_group.rg"
          ]
        }
      ]
    },
    {
      "mode": "managed",
      "type": "azurerm_virtual_network",
      "name": "vnet_spoke_aks",
      "provider": "provider[\"registry.terraform.io/hashicorp/azurerm\"]",
      "instances": [
        {
          "schema_version": 0,
          "attributes": {
            "address_space": [
              "10.1.0.0/16"
            ],
            "bgp_community": "",
            "ddos_protection_plan": [],
            "dns_servers": [],
            "edge_zone": "",
            "encryption": [],
            "flow_timeout_in_minutes": 0,
            "guid": "10db7ecd-6fc8-4899-9293-3dc1c85eff68",
            "id": "/subscriptions/dcef7009-6b94-4382-afdc-17eb160d709a/resourceGroups/rg-spoke-aks-simple/providers/Microsoft.Network/virtualNetworks/vnet-spoke-aks-simple",
            "location": "swedencentral",
            "name": "vnet-spoke-aks-simple",
            "private_endpoint_vnet_policies": "Disabled",
            "resource_group_name": "rg-spoke-aks-simple",
            "subnet": [],
            "tags": null,
            "timeouts": null
          },
          "sensitive_attributes": [],
          "identity_schema_version": 0,
          "private": "eyJlMmJmYjczMC1lY2FhLTExZTYtOGY4OC0zNDM2M2JjN2M0YzAiOnsiY3JlYXRlIjoxODAwMDAwMDAwMDAwLCJkZWxldGUiOjE4MDAwMDAwMDAwMDAsInJlYWQiOjMwMDAwMDAwMDAwMCwidXBkYXRlIjoxODAwMDAwMDAwMDAwfX0=",
          "dependencies": [
            "azurerm_resource_group.rg"
          ]
        }
      ]
    },
    {
      "mode": "managed",
      "type": "terraform_data",
      "name": "aks-get-credentials",
      "provider": "provider[\"terraform.io/builtin/terraform\"]",
      "instances": [
        {
          "schema_version": 0,
          "attributes": {
            "id": "a6eb16d3-8d0b-4cbc-9d61-7e2c62976227",
            "input": null,
            "output": null,
            "triggers_replace": {
              "value": [
                "/subscriptions/dcef7009-6b94-4382-afdc-17eb160d709a/resourceGroups/rg-spoke-aks-simple/providers/Microsoft.ContainerService/managedClusters/aks-cluster"
              ],
              "type": [
                "tuple",
                [
                  "string"
                ]
              ]
            }
          },
          "sensitive_attributes": [],
          "identity_schema_version": 0,
          "dependencies": [
            "azurerm_kubernetes_cluster.aks",
            "azurerm_resource_group.rg",
            "azurerm_route_table.route_table",
            "azurerm_subnet.snet_aks",
            "azurerm_subnet_route_table_association.association_rt_subnet_aks",
            "azurerm_user_assigned_identity.identity_aks",
            "azurerm_virtual_network.vnet_spoke_aks"
          ]
        }
      ]
    },
    {
      "module": "module.virtual_network_peering_hub_and_spoke_aks",
      "mode": "managed",
      "type": "azurerm_virtual_network_peering",
      "name": "vnet_peering_hub_to_spoke",
      "provider": "provider[\"registry.terraform.io/hashicorp/azurerm\"]",
      "instances": [
        {
          "schema_version": 0,
          "attributes": {
            "allow_forwarded_traffic": true,
            "allow_gateway_transit": false,
            "allow_virtual_network_access": true,
            "id": "/subscriptions/dcef7009-6b94-4382-afdc-17eb160d709a/resourceGroups/rg-hub/providers/Microsoft.Network/virtualNetworks/vnet-hub/virtualNetworkPeerings/vnet_peering_hub_to_vnet-spoke-aks-simple",
            "local_subnet_names": null,
            "name": "vnet_peering_hub_to_vnet-spoke-aks-simple",
            "only_ipv6_peering_enabled": false,
            "peer_complete_virtual_networks_enabled": true,
            "remote_subnet_names": null,
            "remote_virtual_network_id": "/subscriptions/dcef7009-6b94-4382-afdc-17eb160d709a/resourceGroups/rg-spoke-aks-simple/providers/Microsoft.Network/virtualNetworks/vnet-spoke-aks-simple",
            "resource_group_name": "rg-hub",
            "timeouts": null,
            "triggers": null,
            "use_remote_gateways": false,
            "virtual_network_name": "vnet-hub"
          },
          "sensitive_attributes": [],
          "identity_schema_version": 0,
          "private": "eyJlMmJmYjczMC1lY2FhLTExZTYtOGY4OC0zNDM2M2JjN2M0YzAiOnsiY3JlYXRlIjoxODAwMDAwMDAwMDAwLCJkZWxldGUiOjE4MDAwMDAwMDAwMDAsInJlYWQiOjMwMDAwMDAwMDAwMCwidXBkYXRlIjoxODAwMDAwMDAwMDAwfX0=",
          "dependencies": [
            "azurerm_resource_group.rg",
            "azurerm_virtual_network.vnet_spoke_aks",
            "data.terraform_remote_state.hub"
          ]
        }
      ]
    },
    {
      "module": "module.virtual_network_peering_hub_and_spoke_aks",
      "mode": "managed",
      "type": "azurerm_virtual_network_peering",
      "name": "vnet_peering_spoke_to_hub",
      "provider": "provider[\"registry.terraform.io/hashicorp/azurerm\"]",
      "instances": [
        {
          "schema_version": 0,
          "attributes": {
            "allow_forwarded_traffic": true,
            "allow_gateway_transit": false,
            "allow_virtual_network_access": true,
            "id": "/subscriptions/dcef7009-6b94-4382-afdc-17eb160d709a/resourceGroups/rg-spoke-aks-simple/providers/Microsoft.Network/virtualNetworks/vnet-spoke-aks-simple/virtualNetworkPeerings/vnet_peering_vnet-spoke-aks-simple_to_hub",
            "local_subnet_names": null,
            "name": "vnet_peering_vnet-spoke-aks-simple_to_hub",
            "only_ipv6_peering_enabled": false,
            "peer_complete_virtual_networks_enabled": true,
            "remote_subnet_names": null,
            "remote_virtual_network_id": "/subscriptions/dcef7009-6b94-4382-afdc-17eb160d709a/resourceGroups/rg-hub/providers/Microsoft.Network/virtualNetworks/vnet-hub",
            "resource_group_name": "rg-spoke-aks-simple",
            "timeouts": null,
            "triggers": null,
            "use_remote_gateways": false,
            "virtual_network_name": "vnet-spoke-aks-simple"
          },
          "sensitive_attributes": [],
          "identity_schema_version": 0,
          "private": "eyJlMmJmYjczMC1lY2FhLTExZTYtOGY4OC0zNDM2M2JjN2M0YzAiOnsiY3JlYXRlIjoxODAwMDAwMDAwMDAwLCJkZWxldGUiOjE4MDAwMDAwMDAwMDAsInJlYWQiOjMwMDAwMDAwMDAwMCwidXBkYXRlIjoxODAwMDAwMDAwMDAwfX0=",
          "dependencies": [
            "azurerm_resource_group.rg",
            "azurerm_virtual_network.vnet_spoke_aks",
            "data.terraform_remote_state.hub"
          ]
        }
      ]
    }
  ],
  "check_results": null
}
