{
  "version": 4,
  "terraform_version": "1.12.0",
  "serial": 19,
  "lineage": "309f44e9-c674-946e-380b-f9e44d238137",
  "outputs": {},
  "resources": [
    {
      "mode": "data",
      "type": "terraform_remote_state",
      "name": "hub",
      "provider": "provider[\"terraform.io/builtin/terraform\"]",
      "instances": [
        {
          "schema_version": 0,
          "attributes": {
            "backend": "local",
            "config": {
              "value": {
                "path": "../01_hub/terraform.tfstate"
              },
              "type": [
                "object",
                {
                  "path": "string"
                }
              ]
            },
            "defaults": null,
            "outputs": {
              "value": {
                "dns_zone_aks": {
                  "id": "/subscriptions/dcef7009-6b94-4382-afdc-17eb160d709a/resourceGroups/rg-alz-hub/providers/Microsoft.Network/privateDnsZones/privatelink.swedencentral.azmk8s.io"
                },
                "dns_zone_apps": {
                  "name": "apps.azure-aks-enterprise.com",
                  "resource_group_name": "rg-alz-hub"
                },
                "firewall": {
                  "enabled": true,
                  "policy_id": "/subscriptions/dcef7009-6b94-4382-afdc-17eb160d709a/resourceGroups/rg-alz-hub/providers/Microsoft.Network/firewallPolicies/firewall-policy",
                  "private_ip": "172.16.0.4",
                  "public_ip": "9.223.113.29"
                },
                "log_analytics_workspace": {
                  "id": "/subscriptions/dcef7009-6b94-4382-afdc-17eb160d709a/resourceGroups/rg-alz-hub/providers/Microsoft.OperationalInsights/workspaces/log-analytics",
                  "location": "swedencentral",
                  "workspace_id": "e31d3474-f8c4-41d2-bebc-43835e122488"
                },
                "vnet_hub": {
                  "id": "/subscriptions/dcef7009-6b94-4382-afdc-17eb160d709a/resourceGroups/rg-alz-hub/providers/Microsoft.Network/virtualNetworks/vnet-hub"
                }
              },
              "type": [
                "object",
                {
                  "dns_zone_aks": [
                    "object",
                    {
                      "id": "string"
                    }
                  ],
                  "dns_zone_apps": [
                    "object",
                    {
                      "name": "string",
                      "resource_group_name": "string"
                    }
                  ],
                  "firewall": [
                    "object",
                    {
                      "enabled": "bool",
                      "policy_id": "string",
                      "private_ip": "string",
                      "public_ip": "string"
                    }
                  ],
                  "log_analytics_workspace": [
                    "object",
                    {
                      "id": "string",
                      "location": "string",
                      "workspace_id": "string"
                    }
                  ],
                  "vnet_hub": [
                    "object",
                    {
                      "id": "string"
                    }
                  ]
                }
              ]
            },
            "workspace": null
          },
          "sensitive_attributes": [],
          "identity_schema_version": 0
        }
      ]
    },
    {
      "mode": "managed",
      "type": "azurerm_kubernetes_cluster",
      "name": "aks",
      "provider": "provider[\"registry.terraform.io/hashicorp/azurerm\"]",
      "instances": [
        {
          "schema_version": 2,
          "attributes": {
            "aci_connector_linux": [],
            "api_server_access_profile": [],
            "auto_scaler_profile": [
              {
                "balance_similar_node_groups": false,
                "daemonset_eviction_for_empty_nodes_enabled": false,
                "daemonset_eviction_for_occupied_nodes_enabled": true,
                "empty_bulk_delete_max": "10",
                "expander": "random",
                "ignore_daemonsets_utilization_enabled": false,
                "max_graceful_termination_sec": "600",
                "max_node_provisioning_time": "15m",
                "max_unready_nodes": 3,
                "max_unready_percentage": 45,
                "new_pod_scale_up_delay": "0s",
                "scale_down_delay_after_add": "10m",
                "scale_down_delay_after_delete": "10s",
                "scale_down_delay_after_failure": "3m",
                "scale_down_unneeded": "10m",
                "scale_down_unready": "20m",
                "scale_down_utilization_threshold": "0.5",
                "scan_interval": "10s",
                "skip_nodes_with_local_storage": false,
                "skip_nodes_with_system_pods": true
              }
            ],
            "automatic_upgrade_channel": "node-image",
            "azure_active_directory_role_based_access_control": [],
            "azure_policy_enabled": false,
            "confidential_computing": [],
            "cost_analysis_enabled": false,
            "current_kubernetes_version": "1.33.0",
            "default_node_pool": [
              {
                "auto_scaling_enabled": true,
                "capacity_reservation_group_id": "",
                "fips_enabled": false,
                "gpu_instance": "",
                "host_encryption_enabled": false,
                "host_group_id": "",
                "kubelet_config": [],
                "kubelet_disk_type": "OS",
                "linux_os_config": [],
                "max_count": 3,
                "max_pods": 110,
                "min_count": 1,
                "name": "systempool",
                "node_count": 2,
                "node_labels": {},
                "node_network_profile": [],
                "node_public_ip_enabled": false,
                "node_public_ip_prefix_id": "",
                "only_critical_addons_enabled": false,
                "orchestrator_version": "1.33.0",
                "os_disk_size_gb": 40,
                "os_disk_type": "Managed",
                "os_sku": "Ubuntu",
                "pod_subnet_id": "",
                "proximity_placement_group_id": "",
                "scale_down_mode": "Deallocate",
                "snapshot_id": "",
                "tags": {},
                "temporary_name_for_rotation": "syspooltmp",
                "type": "VirtualMachineScaleSets",
                "ultra_ssd_enabled": false,
                "upgrade_settings": [
                  {
                    "drain_timeout_in_minutes": 0,
                    "max_surge": "10%",
                    "node_soak_duration_in_minutes": 0
                  }
                ],
                "vm_size": "Standard_D2s_v5",
                "vnet_subnet_id": "/subscriptions/dcef7009-6b94-4382-afdc-17eb160d709a/resourceGroups/rg-spoke-aks-simple/providers/Microsoft.Network/virtualNetworks/vnet-spoke-aks-simple/subnets/snet-aks",
                "workload_runtime": "OCIContainer",
                "zones": [
                  "1",
                  "2",
                  "3"
                ]
              }
            ],
            "disk_encryption_set_id": "",
            "dns_prefix": "aks",
            "dns_prefix_private_cluster": "",
            "edge_zone": "",
            "fqdn": "aks-tw00z49a.hcp.swedencentral.azmk8s.io",
            "http_application_routing_enabled": false,
            "http_application_routing_zone_name": null,
            "http_proxy_config": [],
            "id": "/subscriptions/dcef7009-6b94-4382-afdc-17eb160d709a/resourceGroups/rg-spoke-aks-simple/providers/Microsoft.ContainerService/managedClusters/aks-cluster",
            "identity": [
              {
                "identity_ids": [
                  "/subscriptions/dcef7009-6b94-4382-afdc-17eb160d709a/resourceGroups/rg-spoke-aks-simple/providers/Microsoft.ManagedIdentity/userAssignedIdentities/identity-aks"
                ],
                "principal_id": "",
                "tenant_id": "",
                "type": "UserAssigned"
              }
            ],
            "image_cleaner_enabled": false,
            "image_cleaner_interval_hours": 24,
            "ingress_application_gateway": [],
            "key_management_service": [],
            "key_vault_secrets_provider": [],
            "kube_admin_config": [],
            "kube_admin_config_raw": "",
            "kube_config": [
              {
                "client_certificate": "LS0tLS1CRUdJTiBDRVJUSUZJQ0FURS0tLS0tCk1JSUZIakNDQXdhZ0F3SUJBZ0lSQVBETWcwTThyNThqRjdHMmVwQk9scWt3RFFZSktvWklodmNOQVFFTEJRQXcKRFRFTE1Ba0dBMVVFQXhNQ1kyRXdIaGNOTWpVd05URTVNVGMwT0RReldoY05NamN3TlRFNU1UYzFPRFF6V2pBdwpNUmN3RlFZRFZRUUtFdzV6ZVhOMFpXMDZiV0Z6ZEdWeWN6RVZNQk1HQTFVRUF4TU1iV0Z6ZEdWeVkyeHBaVzUwCk1JSUNJakFOQmdrcWhraUc5dzBCQVFFRkFBT0NBZzhBTUlJQ0NnS0NBZ0VBNkY4TU0wRkU3Q1VlTGs4RVhuOU8KVnRjMVd3RkVZOHY4Y2htclNFNTlyRjRJdmxtL3l3RUY2VmFqSEtWRG1abklpRnFmSk9Xcy8xOCtNSHBjMXNnSwpHVlM4VGtIYUdTbnZQNEVaNlh4ZWNUakcyNHNKQWNzMjhmeFZ0SXhkVVA1ZW9kZk5qK0dtb0pUTVpjWGV1NHoyCndrSlhoc3FFbGtwOWdPeWlSTXhjdUdNc2NwNVQyeDlRY0FMUkNDVytmT3pwQUUwSjlrSnlCSmxhTGFJcGpFajcKQkw4SG5YbmZXZnFCdjlGOFF4STdWVXNLV294TFB6MFFEcHZnN3BVY0t2blBhNkxzc2FxU3RpV1pDVEE1b1AxRgo0eDFCa0dBRTcxb2hNbExvRVl0NVFCbUFwVkpYVkhxQk9aOERVZ2Z2R0RNQzVzV01WTzFtR05KR1NmS3ZLbW1hCkVLdGNqMkFQSXpuclk4TGl4eTZvT1RTQTFCVHljdVRzSVJyVStTTDlLb2N1LzRZTmJIeTZHTm5EV2VKVGMyNmUKQUZ0clViWHo2bmZjMjdLOEZIVXRiRi9KdllYRUdramFGM2JpY3h5akhFQ0ordUNHK3c2UUxMTGREeGZzTFgrTApNZnJEMmcrUkhveHIwRHJtMWxtd1FGcEthRUxHSlc3dVpKSnNzWWFnb0ppMnh1SWdaY0p3OEVaVTNnS1VsK215CjI2dzlmL2hSdzdyNU9lZ0dsNXd3N2puVkN4YjJUTm5PTDliY1lKWGljeHl5eW44UkE4Yk83U0ZOQ2ZTamJwWWwKdE11a2ExM1g4QWFhbzl2TWhjS1dRZlUwdzZTQTB5V0xDbFlPQVRNZHk1OEhVRG5BeVZKZ0xCRFlzcExxakNNeQpwZWgzNWxad1ZLR2J4M1lIcHBJSDlBOENBd0VBQWFOV01GUXdEZ1lEVlIwUEFRSC9CQVFEQWdXZ01CTUdBMVVkCkpRUU1NQW9HQ0NzR0FRVUZCd01DTUF3R0ExVWRFd0VCL3dRQ01BQXdId1lEVlIwakJCZ3dGb0FVVXpuY0VPbysKSTJ5UVJRVmkyQWg5MFBHWWswb3dEUVlKS29aSWh2Y05BUUVMQlFBRGdnSUJBS2I5UTU3WkgvOXRUQUtucEVvdwo5Z2xzQXdlL1pRR1E3RDlNTTh0WGEwUkhQdTMzWDkxMmwrb1VnM0wwY3hHYU1XNEkvd0FsdW5ENE5sblk3aHF1ClZZZU4zVDNEcjRDY1FOWUhUaERoM0tOakYvL2tXMUVVa2R3VUw1Uk5adGl6eG5HdzNaampPd1RKd1dzT0E0QjQKQlkxZ2VNRUh1dXZiZjBtbDJtYU9hWlZoaGVNOXMwL0pTVDJtRTBHMHFFejJKKzVzVzlkTTdQbUZtMWtPRlhqbAordUVadjQycTNZakxCRVpXZ3JjWUM4R0J2RU9WbDRTZ2V5L2ttK1NweDlHSzdjNnVmK3dDcTREVVZGdnZybTMvCkNMSGpRR3ZWT1lzQ1NWSkZQcnAyaWMxMVRKclY0MVZYQTQ3b0wzSHpzNnVJVnVSVEhtd2U5ME1DTitHdXlOZVoKZ1VVSitzTkV1MnpaelhJanFTbDBPQ3M5MTJZMVdVb2FLWVVWOEtZL2VmTS9XRE9kdkJwK2NPNTRMUlFXV1NnawoxaE5KVTRoVElveVRqZDVnSVZFMGZxWFNvZEhKQ2R6djM3NU5Pb3U2eDNtaWxsek9KNkIrZEdjRHJYd1piRFZVCldhMlJFdGFEOE5KUjVXYzZNVTROejB3L0ViNWpEblpzV0hTVlFjdmNwdjE0WUZMejFmMWhONCt4S1lnUDEwV2oKS1RkYmViS3RFL1dFQXFPaFduY3c2MkMvUFFSeXJ3ZmVFaVVLV0Q0UENJc2pIMlF2UjUrajZRL281aGc2eW1DOApPZFF2QzNmd0V0aFFBQnBtdXcvTWZWK2NvUkhtWGFiRFJqSEZlUGlndWZ2VjNxR2pwdnNRVWhtQTUyT0ZmVzJOClM5dU40ZytiSENCTEJpZUhTWVA2Tnd0OQotLS0tLUVORCBDRVJUSUZJQ0FURS0tLS0tCg==",
                "client_key": "LS0tLS1CRUdJTiBSU0EgUFJJVkFURSBLRVktLS0tLQpNSUlKS1FJQkFBS0NBZ0VBNkY4TU0wRkU3Q1VlTGs4RVhuOU9WdGMxV3dGRVk4djhjaG1yU0U1OXJGNEl2bG0vCnl3RUY2VmFqSEtWRG1abklpRnFmSk9Xcy8xOCtNSHBjMXNnS0dWUzhUa0hhR1NudlA0RVo2WHhlY1RqRzI0c0oKQWNzMjhmeFZ0SXhkVVA1ZW9kZk5qK0dtb0pUTVpjWGV1NHoyd2tKWGhzcUVsa3A5Z095aVJNeGN1R01zY3A1VAoyeDlRY0FMUkNDVytmT3pwQUUwSjlrSnlCSmxhTGFJcGpFajdCTDhIblhuZldmcUJ2OUY4UXhJN1ZVc0tXb3hMClB6MFFEcHZnN3BVY0t2blBhNkxzc2FxU3RpV1pDVEE1b1AxRjR4MUJrR0FFNzFvaE1sTG9FWXQ1UUJtQXBWSlgKVkhxQk9aOERVZ2Z2R0RNQzVzV01WTzFtR05KR1NmS3ZLbW1hRUt0Y2oyQVBJem5yWThMaXh5Nm9PVFNBMUJUeQpjdVRzSVJyVStTTDlLb2N1LzRZTmJIeTZHTm5EV2VKVGMyNmVBRnRyVWJYejZuZmMyN0s4RkhVdGJGL0p2WVhFCkdramFGM2JpY3h5akhFQ0ordUNHK3c2UUxMTGREeGZzTFgrTE1mckQyZytSSG94cjBEcm0xbG13UUZwS2FFTEcKSlc3dVpKSnNzWWFnb0ppMnh1SWdaY0p3OEVaVTNnS1VsK215MjZ3OWYvaFJ3N3I1T2VnR2w1d3c3am5WQ3hiMgpUTm5PTDliY1lKWGljeHl5eW44UkE4Yk83U0ZOQ2ZTamJwWWx0TXVrYTEzWDhBYWFvOXZNaGNLV1FmVTB3NlNBCjB5V0xDbFlPQVRNZHk1OEhVRG5BeVZKZ0xCRFlzcExxakNNeXBlaDM1bFp3VktHYngzWUhwcElIOUE4Q0F3RUEKQVFLQ0FnQTZPdTlNdk5OdnRkRjlXMUhGK0hNQ01nWHQyMEJ2SGNRU043cURjUi92SE5WbUZnbUk3cVd6bG9GagpnVXFTYUVZblhVWTZNZEFMWXF1cjdFM3RpTTEzRVpQcXJIZmlERzhtNDh4QmhXZ0pTV2dUeGlDb3NXc0FjdkpyClB5MTNTWGNmYVh2YXpYbzdEVzYzSmtHdGtDS2FCWlAzZERLTGt2a21ZS1k5UlZVSzQ5ZFVsYlovMTdZSmk3c2sKSm9rNHR3bWdpSzJ4WjI4NUZkRFNWS3ZDdXRza2tsWnZNUVkyZng4YW1YMWhOV1ZtOTFvTjNOQlNkWlBiaFZaMQpreW91M3RFS3NSWk5ZMmhHZXQrQnZQTUVFOVA2bU85QUpiKzIxMGd3V3pSS2lVQUdQeDNNei9pUWMrNkVLUVBrCi81WDc0M1NicmU5L3JNb0QrRldpM0V6bS9QV2RNNGFSa3c1K1lDUnkvcmE3YXNZeE5NUGxSWWdWUE1ITTV6eGEKT1JPb1NuU09CQ0hRVDFxNFNuK3pkUUJPZzJBRkFnbnVaVXByRFA0R3ZWRW02MVFUWEtXVFNQcmlYVXFiWUZCZQpXYWMrTFpvYkc5bFZFTnk3eEx4TUdpVVRiV2NCY1ozVVJBYjEwVmYyQ3ZhekxxNmg1UzY3WUY2K0FGejlVeXJYCkYrMGNJMGpjNi9uM0o1dXFHRU1NZVJuNUxMV005Ujh6M0J4M2J2ekFJRGhUbGZjWDRlRDBXMzRTbFdnZEd3U1AKcTI4VVBRWno5Nnp4emJmZVliVGt0S0lzSVFOTHpZUlhmdGpUbmNnTzBZcGNrclRjZ0lZYnptcDEyRnJaZW83KwpEL1NrRzNpb0ROOEV6RUZoLy9IZ0luNWZ2QncvR2xDd3F1Sm1nWGN2bTJSUnBCcnZlUUtDQVFFQTlBcnIzWG1PCkZHNUpQam5IdjY2ejE4ejlzamZ1dVVERDVJSFhCVXBEYmJ4cjdHYUNGTy8xUis2bzhjR2JCNGtSRHRCSGtNL1YKZ1JhMmZPVjg2bG4zWEV3bWJnSG02NHdQVGNvUUtFam5HZThKZ2NaR0pVdlB5V0JPRzBZSTlFZEFOTWJ2c1M2VwoxMjZZaU5uNlgxenhibnF0WDR2NThTV28zbnlhWXZGekV6MjlOMjBIc0ZQcjJ6V041cDE1UXpwZ3RJVEIxbXFSCll0VmdYUURteDRvcVM5dWtSUnI0cGF2Y0pMYjgwaWI2T0RFSGhsdHRUcmRxbUxiS0U2cmE5ZWZTSmtqL2dlUGsKZVkyaU1tTnQyQWRHdTZWQUE2Rk5uNmV5K01JSlEvdWM0Sm41WEx0Wm9CK3d1UGpmQllnZm1Fd21iV0FnL045cwppdXVvaHNiWEhyVlZvd0tDQVFFQTg4RzZ6ZU5yL0FjUjVVTTQ3ZW03RUNZVW54aFA4Q045WHBXVHlyWHp4VVo4CmxPNTVDRFJFVVFBNmxlSU5lQVI3eXNKb2FzNWYwNE5UQUk5OTdJUHl0QUpHZ3FSa0p0OVE5UTBmS1pObStOMnQKM0JLVFhPNnVtZFVIMTdQeDJEOU5OOFo4QWpYTGxtaThvVmdSa0NUQSt3dnY5bm4zSVVVbEl3KzIwMDlYcWphbApUSUU0R3ZSYVl3ZXJrNkJxWVplTlhkSGk0a0N0b3pGZzJMQ05mUVZ5MTMvQUFiaHhLSktWUGEyeDlCci8vY09hCjRLQ2RWVUlNTm1NOVVHMGxpcFZpRUhXVDN0RURDODBTT096cklaTzNnVWxkRGtmSThZcjE0eENScGF3aWJYdWMKRkxzMlFDbElkWkk2aFNsbVlMaEd5Mk9yS3pqZ0xBeFdjeHpCU2tGV3BRS0NBUUFCUWpVcE5VRklWYkZIQXVGRwoyYzNQcFIwQjJFd0E1SmFlRFJWZ3o1czlhNlZhMk1SKyt5WFdzeUpuN01teDVrRVNSSHk2QUhobmJBaVE2RllXCmwxUXhRNnRIRWZkdzY0NEFwclFpb1EyZ0VwMkg3OC9ZeldWSzhwWTBpYzN1QkpnT0xhQjYxM1NyczhSUm9GNHMKTTd5REIxcnhqVFZDeXlEdDFOS3ZBL1BGKzZHSU1hWENnUXhNV3lCYU9pR3YrUk1hbXp5c3NHd0RpSG93d0pwdwpHUVJTMDlVckRoS09PQzZ3ZWNrZ0JGZHlCcjYxTUsrRm9taUlWUmtCdFBYZ0lzdndxcHUydmNnbDRGY2Z6MmQzCm44SDdvY1NNd0Q0NFBwTXJ1VVIyOTBzOTFVMTE3dmx0Vy94N1Y3MCt1QThCcUJMaXFZWkNCNXoxc25WeURJQjcKaGcvbEFvSUJBUURoaS9QdkNLMWxrYUVrYzFRZENIWFgxblNrVlptNkNReTdWVXBnZW9ZcWx6TTFsNGVVYU5DQgo1dVZPeE5GVHFVcG1iZ2F5TlcyRHlITW9CSjR2R0ZTZDdiRVN0MHdZai9CWUh5RWpsa25rb3pKNWZSS3dIZ2FmClB2ZzN4a0JVcVJZcE10YVNNUGJGb1BwUmpLMExwSWFRaFJZd0NlRDYvd0VDOVVwbE1uaGFmcC9yTDNJYnR0aGYKNDd3R0tKdm0yNVdxSjBoNXRBRTNETHloSkpSM0IzQ2hLSXNnekdxZ2NTbjQzVnpaRTVhbFY3WmFmU08zdlJxUgp4TGY2VUZRNWJFcEdFcFdWeWU2NG43TnB5d2N5bFgxcCt0bEpHbkU3MXluNFJkK08zYjBwY3dRVVJycEhHaXY2CjVpaVNDS0c3Z3llMmtPM1VXNWRLQ3N4L1RTOHBKMVlsQW9JQkFRQ2FxeEpsRkY0VDA4TERYMlV2aWtwbGIyYjEKMDBmOHZYUXBLRVF1L3pXY281TjdMc0dyRkhNaEFaYXNoVnhmR2JiWnYzMkpMdE93K3doZHQydDBpbWkzZFNXRQpBOHVKZ0JHdk5FWlVFa3BRRTZjVjV3WVNTSDRNWHFna1g0bVhiQmE1Z2VrY2phMlJCL3RDaFZQM0ZLQTFLWE9UCmxXOHFoY1RqSmZFRzJMdlpmRHdHbXZJYW0xR0ZXMmJBdzhPd1ozMlVLcElSd080YmFhUXJhUTdNSGI2a015VVQKTjE4RUdWWEJRMzFFY29qaUpBUWxxLzhETTBPaWxQT2sxTDUyamcrR0FkRHpFMDUwcENuOXFQeStkYzFCZ3NqWgpQa0NwTVN4UVJIWnVJYStOd2FXOEtaNmpRcTdSTFhoWFdrZXFKMWM1RnM0bW1wc29lZFNXM05HdXBieVMKLS0tLS1FTkQgUlNBIFBSSVZBVEUgS0VZLS0tLS0K",
                "cluster_ca_certificate": "LS0tLS1CRUdJTiBDRVJUSUZJQ0FURS0tLS0tCk1JSUU2RENDQXRDZ0F3SUJBZ0lRWDNIWmMvblI0VndVSHVvQ3V1UGFiVEFOQmdrcWhraUc5dzBCQVFzRkFEQU4KTVFzd0NRWURWUVFERXdKallUQWdGdzB5TlRBMU1Ua3hOelE0TkROYUdBOHlNRFUxTURVeE9URTNOVGcwTTFvdwpEVEVMTUFrR0ExVUVBeE1DWTJFd2dnSWlNQTBHQ1NxR1NJYjNEUUVCQVFVQUE0SUNEd0F3Z2dJS0FvSUNBUURNCnpXRkExczhlSlVObGIrSVF2RVBxWTIyUnFoRkNwdkNMNU1UOW5ESHBpVkRqWVN3bld3cUF0QlhxK2RqVlk4QisKWXh4ZzluMUFBbjZxOC9hWWlnMlYyRmd1ajRGMEx0cW1GK283R2hJczBkaW9XNm5YL3M3eWxMZXI4SDc4cDdOMwpFUm5pTnlIZkVjd0R2cjlPeXRVNGtWUFVYb1dvRFpjTm5nRTQvRklhUzlGVVlqTHRlalJEREJvT0tiTG03T05hCjZaNUFiY0FLWnJnWXJFekdHUzRqZlpqUTVkRDg1RVpqaDFVYld3c29hcW9mN1crcEh2WS90VTZBdXNmSGRaZGYKb3hhM3NoUUZpdU1oOWtNWllUQXVWWStucWY0N0NGcXlXeUJKR2FlckpvanpRMlYvY016eXMxNWdZVzJsZWVVNgoxUU5uaktpRktxalpkZERaZTM2VTY5OEpQcHkrb2hBM3h3dTFreUJVK3hwUHZJTlhOYnNoVmtsQnE4OU9oZ21oCmRTWTdCMHdoZmkySGEwc3dQZElzRVp2MXBvdFJVdnZkMHFqZHdYQ0N6T2V1SXBhbmZ0bi9VWFpiVit0ei9JdkUKMHpaUUhKN296VVVCVEJoTHh1VFZmMWQ1SGI3cHBmN0Q4WDRncURxU1V1WnNnM1RPeFpSNlZXbzdoYU1xcVlJSApIV0Y4d1RmQTBJYXM4anNoODNvazd3K2NuTWliKzlYR1JwTEc0QnphVnBmT044Tk1SVmRrcE51ZGJSb3A3dFMwCm02MHVkWk5aOE1ONGlWQVR4K0RIQ242MUVhNnh2Y1ZQMXExK2N6MEZSdGhqWENBWWhla1J5U1VmOTc3dExTR2gKSktacVlQeDlJeVFsdUlNMUpGK29XT1Y1UTNlTFlHOGNJSGErUUdNVDB3SURBUUFCbzBJd1FEQU9CZ05WSFE4QgpBZjhFQkFNQ0FxUXdEd1lEVlIwVEFRSC9CQVV3QXdFQi96QWRCZ05WSFE0RUZnUVVVem5jRU9vK0kyeVFSUVZpCjJBaDkwUEdZazBvd0RRWUpLb1pJaHZjTkFRRUxCUUFEZ2dJQkFMWFJvZkIyRWFHeGwzOElxNjkxRnZzMU5PL3MKdktLcVJiWjJ6Y2ZFZ0pjYUxnc1Qra2o4R2pmUGdaOVVKLzUwOEwyRk5ZZWVjTVJ0L05oUnprVzR0cVdFVE9ZaAoweUtObHM2WXh6Q04rTUlCMkV6TU8vK2NHODdPREMyazRXUi9pY08wd3l0czZnNUplQ1NYK2N5VWo1TW1RSlprCi95YUFsTEthTDd0YXdZS0dHSVppeTEyemhPS25zN054WUNoR2JxcUZUa2VTN3RPYVR1M2tyRnM0bHF4K1U5RkoKYkxqdms5RTh3TmhHbGgrZnZGcnpteTJWWjdtWFFRQ1NYOXRod1NPbHNNVlJuZEZtRGYrcGFucHR1NExIM0lkeQpSWDAwWnZGMTdvMEhXQStIMGlvQkNWd2hXVDYxZzRGcWZMTVVCdmM4eURRZGdqdjAxV2JOOWQ5MlgxODVvZ21UCnVneXA5R09XcGF0SCtleXFWUjU5L3FFcXIrNzVDSFNDYzZJQW1TR0ZrYjFhWFpKNWNvU1RzeTk2ZS9ReEpHOGUKLy9qOEozN1QrQ3pjcDJmWXZ4SkJiVkVyTHF5QjZFdXF2V2FEV3VndUlEd0llL0wyVmw4SnI0VUk0R2NhcngrMgpNc3JGUmMxNmNQc1dyRDhMOXJOT043dm1iZmJoVkptV1pIbTMyRFYrajFyc3ZnM094dWwyU0cwVTJzYS9JM0F3ClJBb3dmMGgwTjc4THN1d2RDb0ZxQlFQNlNUR2RHUUlQY3JjOHpxcnA1VGJ0SmZXTDNoZXFZcVU5N3VRZ0hhbUMKUUQ2Y1hZTHY4am1RMWhOZ3RqS3dJbXQ0UnMyYlVNYzZmNGNzb3VEZnBPb0pVdGY2ZGFCaUpRb3VPcHNIL250TwpIQi96bVBmRWNNcGdhdjExCi0tLS0tRU5EIENFUlRJRklDQVRFLS0tLS0K",
                "host": "https://aks-tw00z49a.hcp.swedencentral.azmk8s.io:443",
                "password": "w71yehqosz81h97ke12jb618bx5j4ato0pvt8q7560o99a4xdhgtztnu7vyw79dtovi8c850n5k2gxstvy369xmy1lgscgozgmmnrd8tlqa8fiuvksys5sddpwbl86s8",
                "username": "clusterUser_rg-spoke-aks-simple_aks-cluster"
              }
            ],
            "kube_config_raw": "apiVersion: v1\nclusters:\n- cluster:\n    certificate-authority-data: LS0tLS1CRUdJTiBDRVJUSUZJQ0FURS0tLS0tCk1JSUU2RENDQXRDZ0F3SUJBZ0lRWDNIWmMvblI0VndVSHVvQ3V1UGFiVEFOQmdrcWhraUc5dzBCQVFzRkFEQU4KTVFzd0NRWURWUVFERXdKallUQWdGdzB5TlRBMU1Ua3hOelE0TkROYUdBOHlNRFUxTURVeE9URTNOVGcwTTFvdwpEVEVMTUFrR0ExVUVBeE1DWTJFd2dnSWlNQTBHQ1NxR1NJYjNEUUVCQVFVQUE0SUNEd0F3Z2dJS0FvSUNBUURNCnpXRkExczhlSlVObGIrSVF2RVBxWTIyUnFoRkNwdkNMNU1UOW5ESHBpVkRqWVN3bld3cUF0QlhxK2RqVlk4QisKWXh4ZzluMUFBbjZxOC9hWWlnMlYyRmd1ajRGMEx0cW1GK283R2hJczBkaW9XNm5YL3M3eWxMZXI4SDc4cDdOMwpFUm5pTnlIZkVjd0R2cjlPeXRVNGtWUFVYb1dvRFpjTm5nRTQvRklhUzlGVVlqTHRlalJEREJvT0tiTG03T05hCjZaNUFiY0FLWnJnWXJFekdHUzRqZlpqUTVkRDg1RVpqaDFVYld3c29hcW9mN1crcEh2WS90VTZBdXNmSGRaZGYKb3hhM3NoUUZpdU1oOWtNWllUQXVWWStucWY0N0NGcXlXeUJKR2FlckpvanpRMlYvY016eXMxNWdZVzJsZWVVNgoxUU5uaktpRktxalpkZERaZTM2VTY5OEpQcHkrb2hBM3h3dTFreUJVK3hwUHZJTlhOYnNoVmtsQnE4OU9oZ21oCmRTWTdCMHdoZmkySGEwc3dQZElzRVp2MXBvdFJVdnZkMHFqZHdYQ0N6T2V1SXBhbmZ0bi9VWFpiVit0ei9JdkUKMHpaUUhKN296VVVCVEJoTHh1VFZmMWQ1SGI3cHBmN0Q4WDRncURxU1V1WnNnM1RPeFpSNlZXbzdoYU1xcVlJSApIV0Y4d1RmQTBJYXM4anNoODNvazd3K2NuTWliKzlYR1JwTEc0QnphVnBmT044Tk1SVmRrcE51ZGJSb3A3dFMwCm02MHVkWk5aOE1ONGlWQVR4K0RIQ242MUVhNnh2Y1ZQMXExK2N6MEZSdGhqWENBWWhla1J5U1VmOTc3dExTR2gKSktacVlQeDlJeVFsdUlNMUpGK29XT1Y1UTNlTFlHOGNJSGErUUdNVDB3SURBUUFCbzBJd1FEQU9CZ05WSFE4QgpBZjhFQkFNQ0FxUXdEd1lEVlIwVEFRSC9CQVV3QXdFQi96QWRCZ05WSFE0RUZnUVVVem5jRU9vK0kyeVFSUVZpCjJBaDkwUEdZazBvd0RRWUpLb1pJaHZjTkFRRUxCUUFEZ2dJQkFMWFJvZkIyRWFHeGwzOElxNjkxRnZzMU5PL3MKdktLcVJiWjJ6Y2ZFZ0pjYUxnc1Qra2o4R2pmUGdaOVVKLzUwOEwyRk5ZZWVjTVJ0L05oUnprVzR0cVdFVE9ZaAoweUtObHM2WXh6Q04rTUlCMkV6TU8vK2NHODdPREMyazRXUi9pY08wd3l0czZnNUplQ1NYK2N5VWo1TW1RSlprCi95YUFsTEthTDd0YXdZS0dHSVppeTEyemhPS25zN054WUNoR2JxcUZUa2VTN3RPYVR1M2tyRnM0bHF4K1U5RkoKYkxqdms5RTh3TmhHbGgrZnZGcnpteTJWWjdtWFFRQ1NYOXRod1NPbHNNVlJuZEZtRGYrcGFucHR1NExIM0lkeQpSWDAwWnZGMTdvMEhXQStIMGlvQkNWd2hXVDYxZzRGcWZMTVVCdmM4eURRZGdqdjAxV2JOOWQ5MlgxODVvZ21UCnVneXA5R09XcGF0SCtleXFWUjU5L3FFcXIrNzVDSFNDYzZJQW1TR0ZrYjFhWFpKNWNvU1RzeTk2ZS9ReEpHOGUKLy9qOEozN1QrQ3pjcDJmWXZ4SkJiVkVyTHF5QjZFdXF2V2FEV3VndUlEd0llL0wyVmw4SnI0VUk0R2NhcngrMgpNc3JGUmMxNmNQc1dyRDhMOXJOT043dm1iZmJoVkptV1pIbTMyRFYrajFyc3ZnM094dWwyU0cwVTJzYS9JM0F3ClJBb3dmMGgwTjc4THN1d2RDb0ZxQlFQNlNUR2RHUUlQY3JjOHpxcnA1VGJ0SmZXTDNoZXFZcVU5N3VRZ0hhbUMKUUQ2Y1hZTHY4am1RMWhOZ3RqS3dJbXQ0UnMyYlVNYzZmNGNzb3VEZnBPb0pVdGY2ZGFCaUpRb3VPcHNIL250TwpIQi96bVBmRWNNcGdhdjExCi0tLS0tRU5EIENFUlRJRklDQVRFLS0tLS0K\n    server: https://aks-tw00z49a.hcp.swedencentral.azmk8s.io:443\n  name: aks-cluster\ncontexts:\n- context:\n    cluster: aks-cluster\n    user: clusterUser_rg-spoke-aks-simple_aks-cluster\n  name: aks-cluster\ncurrent-context: aks-cluster\nkind: Config\npreferences: {}\nusers:\n- name: clusterUser_rg-spoke-aks-simple_aks-cluster\n  user:\n    client-certificate-data: LS0tLS1CRUdJTiBDRVJUSUZJQ0FURS0tLS0tCk1JSUZIakNDQXdhZ0F3SUJBZ0lSQVBETWcwTThyNThqRjdHMmVwQk9scWt3RFFZSktvWklodmNOQVFFTEJRQXcKRFRFTE1Ba0dBMVVFQXhNQ1kyRXdIaGNOTWpVd05URTVNVGMwT0RReldoY05NamN3TlRFNU1UYzFPRFF6V2pBdwpNUmN3RlFZRFZRUUtFdzV6ZVhOMFpXMDZiV0Z6ZEdWeWN6RVZNQk1HQTFVRUF4TU1iV0Z6ZEdWeVkyeHBaVzUwCk1JSUNJakFOQmdrcWhraUc5dzBCQVFFRkFBT0NBZzhBTUlJQ0NnS0NBZ0VBNkY4TU0wRkU3Q1VlTGs4RVhuOU8KVnRjMVd3RkVZOHY4Y2htclNFNTlyRjRJdmxtL3l3RUY2VmFqSEtWRG1abklpRnFmSk9Xcy8xOCtNSHBjMXNnSwpHVlM4VGtIYUdTbnZQNEVaNlh4ZWNUakcyNHNKQWNzMjhmeFZ0SXhkVVA1ZW9kZk5qK0dtb0pUTVpjWGV1NHoyCndrSlhoc3FFbGtwOWdPeWlSTXhjdUdNc2NwNVQyeDlRY0FMUkNDVytmT3pwQUUwSjlrSnlCSmxhTGFJcGpFajcKQkw4SG5YbmZXZnFCdjlGOFF4STdWVXNLV294TFB6MFFEcHZnN3BVY0t2blBhNkxzc2FxU3RpV1pDVEE1b1AxRgo0eDFCa0dBRTcxb2hNbExvRVl0NVFCbUFwVkpYVkhxQk9aOERVZ2Z2R0RNQzVzV01WTzFtR05KR1NmS3ZLbW1hCkVLdGNqMkFQSXpuclk4TGl4eTZvT1RTQTFCVHljdVRzSVJyVStTTDlLb2N1LzRZTmJIeTZHTm5EV2VKVGMyNmUKQUZ0clViWHo2bmZjMjdLOEZIVXRiRi9KdllYRUdramFGM2JpY3h5akhFQ0ordUNHK3c2UUxMTGREeGZzTFgrTApNZnJEMmcrUkhveHIwRHJtMWxtd1FGcEthRUxHSlc3dVpKSnNzWWFnb0ppMnh1SWdaY0p3OEVaVTNnS1VsK215CjI2dzlmL2hSdzdyNU9lZ0dsNXd3N2puVkN4YjJUTm5PTDliY1lKWGljeHl5eW44UkE4Yk83U0ZOQ2ZTamJwWWwKdE11a2ExM1g4QWFhbzl2TWhjS1dRZlUwdzZTQTB5V0xDbFlPQVRNZHk1OEhVRG5BeVZKZ0xCRFlzcExxakNNeQpwZWgzNWxad1ZLR2J4M1lIcHBJSDlBOENBd0VBQWFOV01GUXdEZ1lEVlIwUEFRSC9CQVFEQWdXZ01CTUdBMVVkCkpRUU1NQW9HQ0NzR0FRVUZCd01DTUF3R0ExVWRFd0VCL3dRQ01BQXdId1lEVlIwakJCZ3dGb0FVVXpuY0VPbysKSTJ5UVJRVmkyQWg5MFBHWWswb3dEUVlKS29aSWh2Y05BUUVMQlFBRGdnSUJBS2I5UTU3WkgvOXRUQUtucEVvdwo5Z2xzQXdlL1pRR1E3RDlNTTh0WGEwUkhQdTMzWDkxMmwrb1VnM0wwY3hHYU1XNEkvd0FsdW5ENE5sblk3aHF1ClZZZU4zVDNEcjRDY1FOWUhUaERoM0tOakYvL2tXMUVVa2R3VUw1Uk5adGl6eG5HdzNaampPd1RKd1dzT0E0QjQKQlkxZ2VNRUh1dXZiZjBtbDJtYU9hWlZoaGVNOXMwL0pTVDJtRTBHMHFFejJKKzVzVzlkTTdQbUZtMWtPRlhqbAordUVadjQycTNZakxCRVpXZ3JjWUM4R0J2RU9WbDRTZ2V5L2ttK1NweDlHSzdjNnVmK3dDcTREVVZGdnZybTMvCkNMSGpRR3ZWT1lzQ1NWSkZQcnAyaWMxMVRKclY0MVZYQTQ3b0wzSHpzNnVJVnVSVEhtd2U5ME1DTitHdXlOZVoKZ1VVSitzTkV1MnpaelhJanFTbDBPQ3M5MTJZMVdVb2FLWVVWOEtZL2VmTS9XRE9kdkJwK2NPNTRMUlFXV1NnawoxaE5KVTRoVElveVRqZDVnSVZFMGZxWFNvZEhKQ2R6djM3NU5Pb3U2eDNtaWxsek9KNkIrZEdjRHJYd1piRFZVCldhMlJFdGFEOE5KUjVXYzZNVTROejB3L0ViNWpEblpzV0hTVlFjdmNwdjE0WUZMejFmMWhONCt4S1lnUDEwV2oKS1RkYmViS3RFL1dFQXFPaFduY3c2MkMvUFFSeXJ3ZmVFaVVLV0Q0UENJc2pIMlF2UjUrajZRL281aGc2eW1DOApPZFF2QzNmd0V0aFFBQnBtdXcvTWZWK2NvUkhtWGFiRFJqSEZlUGlndWZ2VjNxR2pwdnNRVWhtQTUyT0ZmVzJOClM5dU40ZytiSENCTEJpZUhTWVA2Tnd0OQotLS0tLUVORCBDRVJUSUZJQ0FURS0tLS0tCg==\n    client-key-data: LS0tLS1CRUdJTiBSU0EgUFJJVkFURSBLRVktLS0tLQpNSUlKS1FJQkFBS0NBZ0VBNkY4TU0wRkU3Q1VlTGs4RVhuOU9WdGMxV3dGRVk4djhjaG1yU0U1OXJGNEl2bG0vCnl3RUY2VmFqSEtWRG1abklpRnFmSk9Xcy8xOCtNSHBjMXNnS0dWUzhUa0hhR1NudlA0RVo2WHhlY1RqRzI0c0oKQWNzMjhmeFZ0SXhkVVA1ZW9kZk5qK0dtb0pUTVpjWGV1NHoyd2tKWGhzcUVsa3A5Z095aVJNeGN1R01zY3A1VAoyeDlRY0FMUkNDVytmT3pwQUUwSjlrSnlCSmxhTGFJcGpFajdCTDhIblhuZldmcUJ2OUY4UXhJN1ZVc0tXb3hMClB6MFFEcHZnN3BVY0t2blBhNkxzc2FxU3RpV1pDVEE1b1AxRjR4MUJrR0FFNzFvaE1sTG9FWXQ1UUJtQXBWSlgKVkhxQk9aOERVZ2Z2R0RNQzVzV01WTzFtR05KR1NmS3ZLbW1hRUt0Y2oyQVBJem5yWThMaXh5Nm9PVFNBMUJUeQpjdVRzSVJyVStTTDlLb2N1LzRZTmJIeTZHTm5EV2VKVGMyNmVBRnRyVWJYejZuZmMyN0s4RkhVdGJGL0p2WVhFCkdramFGM2JpY3h5akhFQ0ordUNHK3c2UUxMTGREeGZzTFgrTE1mckQyZytSSG94cjBEcm0xbG13UUZwS2FFTEcKSlc3dVpKSnNzWWFnb0ppMnh1SWdaY0p3OEVaVTNnS1VsK215MjZ3OWYvaFJ3N3I1T2VnR2w1d3c3am5WQ3hiMgpUTm5PTDliY1lKWGljeHl5eW44UkE4Yk83U0ZOQ2ZTamJwWWx0TXVrYTEzWDhBYWFvOXZNaGNLV1FmVTB3NlNBCjB5V0xDbFlPQVRNZHk1OEhVRG5BeVZKZ0xCRFlzcExxakNNeXBlaDM1bFp3VktHYngzWUhwcElIOUE4Q0F3RUEKQVFLQ0FnQTZPdTlNdk5OdnRkRjlXMUhGK0hNQ01nWHQyMEJ2SGNRU043cURjUi92SE5WbUZnbUk3cVd6bG9GagpnVXFTYUVZblhVWTZNZEFMWXF1cjdFM3RpTTEzRVpQcXJIZmlERzhtNDh4QmhXZ0pTV2dUeGlDb3NXc0FjdkpyClB5MTNTWGNmYVh2YXpYbzdEVzYzSmtHdGtDS2FCWlAzZERLTGt2a21ZS1k5UlZVSzQ5ZFVsYlovMTdZSmk3c2sKSm9rNHR3bWdpSzJ4WjI4NUZkRFNWS3ZDdXRza2tsWnZNUVkyZng4YW1YMWhOV1ZtOTFvTjNOQlNkWlBiaFZaMQpreW91M3RFS3NSWk5ZMmhHZXQrQnZQTUVFOVA2bU85QUpiKzIxMGd3V3pSS2lVQUdQeDNNei9pUWMrNkVLUVBrCi81WDc0M1NicmU5L3JNb0QrRldpM0V6bS9QV2RNNGFSa3c1K1lDUnkvcmE3YXNZeE5NUGxSWWdWUE1ITTV6eGEKT1JPb1NuU09CQ0hRVDFxNFNuK3pkUUJPZzJBRkFnbnVaVXByRFA0R3ZWRW02MVFUWEtXVFNQcmlYVXFiWUZCZQpXYWMrTFpvYkc5bFZFTnk3eEx4TUdpVVRiV2NCY1ozVVJBYjEwVmYyQ3ZhekxxNmg1UzY3WUY2K0FGejlVeXJYCkYrMGNJMGpjNi9uM0o1dXFHRU1NZVJuNUxMV005Ujh6M0J4M2J2ekFJRGhUbGZjWDRlRDBXMzRTbFdnZEd3U1AKcTI4VVBRWno5Nnp4emJmZVliVGt0S0lzSVFOTHpZUlhmdGpUbmNnTzBZcGNrclRjZ0lZYnptcDEyRnJaZW83KwpEL1NrRzNpb0ROOEV6RUZoLy9IZ0luNWZ2QncvR2xDd3F1Sm1nWGN2bTJSUnBCcnZlUUtDQVFFQTlBcnIzWG1PCkZHNUpQam5IdjY2ejE4ejlzamZ1dVVERDVJSFhCVXBEYmJ4cjdHYUNGTy8xUis2bzhjR2JCNGtSRHRCSGtNL1YKZ1JhMmZPVjg2bG4zWEV3bWJnSG02NHdQVGNvUUtFam5HZThKZ2NaR0pVdlB5V0JPRzBZSTlFZEFOTWJ2c1M2VwoxMjZZaU5uNlgxenhibnF0WDR2NThTV28zbnlhWXZGekV6MjlOMjBIc0ZQcjJ6V041cDE1UXpwZ3RJVEIxbXFSCll0VmdYUURteDRvcVM5dWtSUnI0cGF2Y0pMYjgwaWI2T0RFSGhsdHRUcmRxbUxiS0U2cmE5ZWZTSmtqL2dlUGsKZVkyaU1tTnQyQWRHdTZWQUE2Rk5uNmV5K01JSlEvdWM0Sm41WEx0Wm9CK3d1UGpmQllnZm1Fd21iV0FnL045cwppdXVvaHNiWEhyVlZvd0tDQVFFQTg4RzZ6ZU5yL0FjUjVVTTQ3ZW03RUNZVW54aFA4Q045WHBXVHlyWHp4VVo4CmxPNTVDRFJFVVFBNmxlSU5lQVI3eXNKb2FzNWYwNE5UQUk5OTdJUHl0QUpHZ3FSa0p0OVE5UTBmS1pObStOMnQKM0JLVFhPNnVtZFVIMTdQeDJEOU5OOFo4QWpYTGxtaThvVmdSa0NUQSt3dnY5bm4zSVVVbEl3KzIwMDlYcWphbApUSUU0R3ZSYVl3ZXJrNkJxWVplTlhkSGk0a0N0b3pGZzJMQ05mUVZ5MTMvQUFiaHhLSktWUGEyeDlCci8vY09hCjRLQ2RWVUlNTm1NOVVHMGxpcFZpRUhXVDN0RURDODBTT096cklaTzNnVWxkRGtmSThZcjE0eENScGF3aWJYdWMKRkxzMlFDbElkWkk2aFNsbVlMaEd5Mk9yS3pqZ0xBeFdjeHpCU2tGV3BRS0NBUUFCUWpVcE5VRklWYkZIQXVGRwoyYzNQcFIwQjJFd0E1SmFlRFJWZ3o1czlhNlZhMk1SKyt5WFdzeUpuN01teDVrRVNSSHk2QUhobmJBaVE2RllXCmwxUXhRNnRIRWZkdzY0NEFwclFpb1EyZ0VwMkg3OC9ZeldWSzhwWTBpYzN1QkpnT0xhQjYxM1NyczhSUm9GNHMKTTd5REIxcnhqVFZDeXlEdDFOS3ZBL1BGKzZHSU1hWENnUXhNV3lCYU9pR3YrUk1hbXp5c3NHd0RpSG93d0pwdwpHUVJTMDlVckRoS09PQzZ3ZWNrZ0JGZHlCcjYxTUsrRm9taUlWUmtCdFBYZ0lzdndxcHUydmNnbDRGY2Z6MmQzCm44SDdvY1NNd0Q0NFBwTXJ1VVIyOTBzOTFVMTE3dmx0Vy94N1Y3MCt1QThCcUJMaXFZWkNCNXoxc25WeURJQjcKaGcvbEFvSUJBUURoaS9QdkNLMWxrYUVrYzFRZENIWFgxblNrVlptNkNReTdWVXBnZW9ZcWx6TTFsNGVVYU5DQgo1dVZPeE5GVHFVcG1iZ2F5TlcyRHlITW9CSjR2R0ZTZDdiRVN0MHdZai9CWUh5RWpsa25rb3pKNWZSS3dIZ2FmClB2ZzN4a0JVcVJZcE10YVNNUGJGb1BwUmpLMExwSWFRaFJZd0NlRDYvd0VDOVVwbE1uaGFmcC9yTDNJYnR0aGYKNDd3R0tKdm0yNVdxSjBoNXRBRTNETHloSkpSM0IzQ2hLSXNnekdxZ2NTbjQzVnpaRTVhbFY3WmFmU08zdlJxUgp4TGY2VUZRNWJFcEdFcFdWeWU2NG43TnB5d2N5bFgxcCt0bEpHbkU3MXluNFJkK08zYjBwY3dRVVJycEhHaXY2CjVpaVNDS0c3Z3llMmtPM1VXNWRLQ3N4L1RTOHBKMVlsQW9JQkFRQ2FxeEpsRkY0VDA4TERYMlV2aWtwbGIyYjEKMDBmOHZYUXBLRVF1L3pXY281TjdMc0dyRkhNaEFaYXNoVnhmR2JiWnYzMkpMdE93K3doZHQydDBpbWkzZFNXRQpBOHVKZ0JHdk5FWlVFa3BRRTZjVjV3WVNTSDRNWHFna1g0bVhiQmE1Z2VrY2phMlJCL3RDaFZQM0ZLQTFLWE9UCmxXOHFoY1RqSmZFRzJMdlpmRHdHbXZJYW0xR0ZXMmJBdzhPd1ozMlVLcElSd080YmFhUXJhUTdNSGI2a015VVQKTjE4RUdWWEJRMzFFY29qaUpBUWxxLzhETTBPaWxQT2sxTDUyamcrR0FkRHpFMDUwcENuOXFQeStkYzFCZ3NqWgpQa0NwTVN4UVJIWnVJYStOd2FXOEtaNmpRcTdSTFhoWFdrZXFKMWM1RnM0bW1wc29lZFNXM05HdXBieVMKLS0tLS1FTkQgUlNBIFBSSVZBVEUgS0VZLS0tLS0K\n    token: w71yehqosz81h97ke12jb618bx5j4ato0pvt8q7560o99a4xdhgtztnu7vyw79dtovi8c850n5k2gxstvy369xmy1lgscgozgmmnrd8tlqa8fiuvksys5sddpwbl86s8\n",
            "kubelet_identity": [
              {
                "client_id": "d0d3b540-a451-4bbd-b9ce-abca31c673ca",
                "object_id": "3d1c3721-2ae9-4e4f-b40a-0c63af9b9ad4",
                "user_assigned_identity_id": "/subscriptions/dcef7009-6b94-4382-afdc-17eb160d709a/resourceGroups/MC_rg-spoke-aks-simple_aks-cluster_swedencentral/providers/Microsoft.ManagedIdentity/userAssignedIdentities/aks-cluster-agentpool"
              }
            ],
            "kubernetes_version": "1.33.0",
            "linux_profile": [],
            "local_account_disabled": false,
            "location": "swedencentral",
            "maintenance_window": [],
            "maintenance_window_auto_upgrade": [],
            "maintenance_window_node_os": [],
            "microsoft_defender": [],
            "monitor_metrics": [],
            "name": "aks-cluster",
            "network_profile": [
              {
                "dns_service_ip": "10.128.0.10",
                "ip_versions": [
                  "IPv4"
                ],
                "load_balancer_profile": [
                  {
                    "backend_pool_type": "NodeIPConfiguration",
                    "effective_outbound_ips": [],
                    "idle_timeout_in_minutes": 0,
                    "managed_outbound_ip_count": 0,
                    "managed_outbound_ipv6_count": 0,
                    "outbound_ip_address_ids": [],
                    "outbound_ip_prefix_ids": [],
                    "outbound_ports_allocated": 0
                  }
                ],
                "load_balancer_sku": "standard",
                "nat_gateway_profile": [],
                "network_data_plane": "cilium",
                "network_mode": "",
                "network_plugin": "azure",
                "network_plugin_mode": "overlay",
                "network_policy": "cilium",
                "outbound_type": "userDefinedRouting",
                "pod_cidr": "10.10.240.0/20",
                "pod_cidrs": [
                  "10.10.240.0/20"
                ],
                "service_cidr": "10.128.0.0/22",
                "service_cidrs": [
                  "10.128.0.0/22"
                ]
              }
            ],
            "node_os_upgrade_channel": "NodeImage",
            "node_resource_group": "MC_rg-spoke-aks-simple_aks-cluster_swedencentral",
            "node_resource_group_id": "/subscriptions/dcef7009-6b94-4382-afdc-17eb160d709a/resourceGroups/MC_rg-spoke-aks-simple_aks-cluster_swedencentral",
            "oidc_issuer_enabled": false,
            "oidc_issuer_url": "",
            "oms_agent": [],
            "open_service_mesh_enabled": false,
            "portal_fqdn": "aks-tw00z49a.portal.hcp.swedencentral.azmk8s.io",
            "private_cluster_enabled": false,
            "private_cluster_public_fqdn_enabled": false,
            "private_dns_zone_id": "",
            "private_fqdn": "",
            "resource_group_name": "rg-spoke-aks-simple",
            "role_based_access_control_enabled": false,
            "run_command_enabled": false,
            "service_mesh_profile": [],
            "service_principal": [],
            "sku_tier": "Free",
            "storage_profile": [],
            "support_plan": "KubernetesOfficial",
            "tags": {},
            "timeouts": null,
            "upgrade_override": [],
            "web_app_routing": [],
            "windows_profile": [
              {
                "admin_password": "",
                "admin_username": "azureuser",
                "gmsa": [],
                "license": ""
              }
            ],
            "workload_autoscaler_profile": [],
            "workload_identity_enabled": false
          },
          "sensitive_attributes": [
            [
              {
                "type": "get_attr",
                "value": "kube_admin_config"
              }
            ],
            [
              {
                "type": "get_attr",
                "value": "kube_admin_config_raw"
              }
            ],
            [
              {
                "type": "get_attr",
                "value": "kube_config"
              }
            ],
            [
              {
                "type": "get_attr",
                "value": "kube_config_raw"
              }
            ],
            [
              {
                "type": "get_attr",
                "value": "windows_profile"
              },
              {
                "type": "index",
                "value": {
                  "value": 0,
                  "type": "number"
                }
              },
              {
                "type": "get_attr",
                "value": "admin_password"
              }
            ]
          ],
          "identity_schema_version": 0,
          "private": "eyJlMmJmYjczMC1lY2FhLTExZTYtOGY4OC0zNDM2M2JjN2M0YzAiOnsiY3JlYXRlIjo1NDAwMDAwMDAwMDAwLCJkZWxldGUiOjU0MDAwMDAwMDAwMDAsInJlYWQiOjMwMDAwMDAwMDAwMCwidXBkYXRlIjo1NDAwMDAwMDAwMDAwfSwic2NoZW1hX3ZlcnNpb24iOiIyIn0=",
          "dependencies": [
            "azurerm_resource_group.rg",
            "azurerm_route_table.route_table",
            "azurerm_subnet.snet_aks",
            "azurerm_subnet_route_table_association.association_rt_subnet_aks",
            "azurerm_user_assigned_identity.identity_aks",
            "azurerm_virtual_network.vnet_spoke_aks"
          ]
        }
      ]
    },
    {
      "mode": "managed",
      "type": "azurerm_resource_group",
      "name": "rg",
      "provider": "provider[\"registry.terraform.io/hashicorp/azurerm\"]",
      "instances": [
        {
          "schema_version": 0,
          "attributes": {
            "id": "/subscriptions/dcef7009-6b94-4382-afdc-17eb160d709a/resourceGroups/rg-spoke-aks-simple",
            "location": "swedencentral",
            "managed_by": "",
            "name": "rg-spoke-aks-simple",
            "tags": {},
            "timeouts": null
          },
          "sensitive_attributes": [],
          "identity_schema_version": 0,
          "private": "eyJlMmJmYjczMC1lY2FhLTExZTYtOGY4OC0zNDM2M2JjN2M0YzAiOnsiY3JlYXRlIjo1NDAwMDAwMDAwMDAwLCJkZWxldGUiOjU0MDAwMDAwMDAwMDAsInJlYWQiOjMwMDAwMDAwMDAwMCwidXBkYXRlIjo1NDAwMDAwMDAwMDAwfX0="
        }
      ]
    },
    {
      "mode": "managed",
      "type": "azurerm_role_assignment",
      "name": "role_identity_aks_network_contributor",
      "provider": "provider[\"registry.terraform.io/hashicorp/azurerm\"]",
      "instances": [
        {
          "schema_version": 0,
          "attributes": {
            "condition": "",
            "condition_version": "",
            "delegated_managed_identity_resource_id": "",
            "description": "",
            "id": "/subscriptions/dcef7009-6b94-4382-afdc-17eb160d709a/resourceGroups/rg-spoke-aks-simple/providers/Microsoft.Network/virtualNetworks/vnet-spoke-aks-simple/providers/Microsoft.Authorization/roleAssignments/b5864a16-ddad-69b0-60f6-924773826e2b",
            "name": "b5864a16-ddad-69b0-60f6-924773826e2b",
            "principal_id": "4888bf31-a3c5-4e8b-b461-69ff2d20e3d8",
            "principal_type": "ServicePrincipal",
            "role_definition_id": "/subscriptions/dcef7009-6b94-4382-afdc-17eb160d709a/providers/Microsoft.Authorization/roleDefinitions/4d97b98b-1d4f-4787-a291-c67834d212e7",
            "role_definition_name": "Network Contributor",
            "scope": "/subscriptions/dcef7009-6b94-4382-afdc-17eb160d709a/resourceGroups/rg-spoke-aks-simple/providers/Microsoft.Network/virtualNetworks/vnet-spoke-aks-simple",
            "skip_service_principal_aad_check": true,
            "timeouts": null
          },
          "sensitive_attributes": [],
          "identity_schema_version": 0,
          "private": "eyJlMmJmYjczMC1lY2FhLTExZTYtOGY4OC0zNDM2M2JjN2M0YzAiOnsiY3JlYXRlIjoxODAwMDAwMDAwMDAwLCJkZWxldGUiOjE4MDAwMDAwMDAwMDAsInJlYWQiOjMwMDAwMDAwMDAwMH19",
          "dependencies": [
            "azurerm_resource_group.rg",
            "azurerm_user_assigned_identity.identity_aks",
            "azurerm_virtual_network.vnet_spoke_aks"
          ]
        }
      ]
    },
    {
      "mode": "managed",
      "type": "azurerm_route",
      "name": "route_to_firewall",
      "provider": "provider[\"registry.terraform.io/hashicorp/azurerm\"]",
      "instances": [
        {
          "schema_version": 0,
          "attributes": {
            "address_prefix": "0.0.0.0/0",
            "id": "/subscriptions/dcef7009-6b94-4382-afdc-17eb160d709a/resourceGroups/rg-spoke-aks-simple/providers/Microsoft.Network/routeTables/route-table/routes/route-to-firewall",
            "name": "route-to-firewall",
            "next_hop_in_ip_address": "172.16.0.4",
            "next_hop_type": "VirtualAppliance",
            "resource_group_name": "rg-spoke-aks-simple",
            "route_table_name": "route-table",
            "timeouts": null
          },
          "sensitive_attributes": [],
          "identity_schema_version": 0,
          "private": "eyJlMmJmYjczMC1lY2FhLTExZTYtOGY4OC0zNDM2M2JjN2M0YzAiOnsiY3JlYXRlIjoxODAwMDAwMDAwMDAwLCJkZWxldGUiOjE4MDAwMDAwMDAwMDAsInJlYWQiOjMwMDAwMDAwMDAwMCwidXBkYXRlIjoxODAwMDAwMDAwMDAwfX0=",
          "dependencies": [
            "azurerm_resource_group.rg",
            "azurerm_route_table.route_table",
            "data.terraform_remote_state.hub"
          ]
        }
      ]
    },
    {
      "mode": "managed",
      "type": "azurerm_route_table",
      "name": "route_table",
      "provider": "provider[\"registry.terraform.io/hashicorp/azurerm\"]",
      "instances": [
        {
          "schema_version": 0,
          "attributes": {
            "bgp_route_propagation_enabled": true,
            "id": "/subscriptions/dcef7009-6b94-4382-afdc-17eb160d709a/resourceGroups/rg-spoke-aks-simple/providers/Microsoft.Network/routeTables/route-table",
            "location": "swedencentral",
            "name": "route-table",
            "resource_group_name": "rg-spoke-aks-simple",
            "route": [
              {
                "address_prefix": "0.0.0.0/0",
                "name": "route-to-firewall",
                "next_hop_in_ip_address": "172.16.0.4",
                "next_hop_type": "VirtualAppliance"
              }
            ],
            "subnets": [
              "/subscriptions/dcef7009-6b94-4382-afdc-17eb160d709a/resourceGroups/rg-spoke-aks-simple/providers/Microsoft.Network/virtualNetworks/vnet-spoke-aks-simple/subnets/snet-aks"
            ],
            "tags": {},
            "timeouts": null
          },
          "sensitive_attributes": [],
          "identity_schema_version": 0,
          "private": "eyJlMmJmYjczMC1lY2FhLTExZTYtOGY4OC0zNDM2M2JjN2M0YzAiOnsiY3JlYXRlIjoxODAwMDAwMDAwMDAwLCJkZWxldGUiOjE4MDAwMDAwMDAwMDAsInJlYWQiOjMwMDAwMDAwMDAwMCwidXBkYXRlIjoxODAwMDAwMDAwMDAwfX0=",
          "dependencies": [
            "azurerm_resource_group.rg"
          ]
        }
      ]
    },
    {
      "mode": "managed",
      "type": "azurerm_subnet",
      "name": "snet_aks",
      "provider": "provider[\"registry.terraform.io/hashicorp/azurerm\"]",
      "instances": [
        {
          "schema_version": 0,
          "attributes": {
            "address_prefixes": [
              "10.1.1.0/24"
            ],
            "default_outbound_access_enabled": true,
            "delegation": [],
            "id": "/subscriptions/dcef7009-6b94-4382-afdc-17eb160d709a/resourceGroups/rg-spoke-aks-simple/providers/Microsoft.Network/virtualNetworks/vnet-spoke-aks-simple/subnets/snet-aks",
            "name": "snet-aks",
            "private_endpoint_network_policies": "Disabled",
            "private_link_service_network_policies_enabled": true,
            "resource_group_name": "rg-spoke-aks-simple",
            "service_endpoint_policy_ids": [],
            "service_endpoints": [],
            "timeouts": null,
            "virtual_network_name": "vnet-spoke-aks-simple"
          },
          "sensitive_attributes": [],
          "identity_schema_version": 0,
          "private": "eyJlMmJmYjczMC1lY2FhLTExZTYtOGY4OC0zNDM2M2JjN2M0YzAiOnsiY3JlYXRlIjoxODAwMDAwMDAwMDAwLCJkZWxldGUiOjE4MDAwMDAwMDAwMDAsInJlYWQiOjMwMDAwMDAwMDAwMCwidXBkYXRlIjoxODAwMDAwMDAwMDAwfX0=",
          "dependencies": [
            "azurerm_resource_group.rg",
            "azurerm_virtual_network.vnet_spoke_aks"
          ]
        }
      ]
    },
    {
      "mode": "managed",
      "type": "azurerm_subnet_route_table_association",
      "name": "association_rt_subnet_aks",
      "provider": "provider[\"registry.terraform.io/hashicorp/azurerm\"]",
      "instances": [
        {
          "schema_version": 0,
          "attributes": {
            "id": "/subscriptions/dcef7009-6b94-4382-afdc-17eb160d709a/resourceGroups/rg-spoke-aks-simple/providers/Microsoft.Network/virtualNetworks/vnet-spoke-aks-simple/subnets/snet-aks",
            "route_table_id": "/subscriptions/dcef7009-6b94-4382-afdc-17eb160d709a/resourceGroups/rg-spoke-aks-simple/providers/Microsoft.Network/routeTables/route-table",
            "subnet_id": "/subscriptions/dcef7009-6b94-4382-afdc-17eb160d709a/resourceGroups/rg-spoke-aks-simple/providers/Microsoft.Network/virtualNetworks/vnet-spoke-aks-simple/subnets/snet-aks",
            "timeouts": null
          },
          "sensitive_attributes": [],
          "identity_schema_version": 0,
          "private": "eyJlMmJmYjczMC1lY2FhLTExZTYtOGY4OC0zNDM2M2JjN2M0YzAiOnsiY3JlYXRlIjoxODAwMDAwMDAwMDAwLCJkZWxldGUiOjE4MDAwMDAwMDAwMDAsInJlYWQiOjMwMDAwMDAwMDAwMH19",
          "dependencies": [
            "azurerm_resource_group.rg",
            "azurerm_route_table.route_table",
            "azurerm_subnet.snet_aks",
            "azurerm_virtual_network.vnet_spoke_aks"
          ]
        }
      ]
    },
    {
      "mode": "managed",
      "type": "azurerm_user_assigned_identity",
      "name": "identity_aks",
      "provider": "provider[\"registry.terraform.io/hashicorp/azurerm\"]",
      "instances": [
        {
          "schema_version": 1,
          "attributes": {
            "client_id": "fe584797-cc35-4c4e-83d6-933bb9d1a0fd",
            "id": "/subscriptions/dcef7009-6b94-4382-afdc-17eb160d709a/resourceGroups/rg-spoke-aks-simple/providers/Microsoft.ManagedIdentity/userAssignedIdentities/identity-aks",
            "location": "swedencentral",
            "name": "identity-aks",
            "principal_id": "4888bf31-a3c5-4e8b-b461-69ff2d20e3d8",
            "resource_group_name": "rg-spoke-aks-simple",
            "tags": null,
            "tenant_id": "93139d1e-a3c1-4d78-9ed5-878be090eba4",
            "timeouts": null
          },
          "sensitive_attributes": [],
          "identity_schema_version": 0,
          "private": "eyJlMmJmYjczMC1lY2FhLTExZTYtOGY4OC0zNDM2M2JjN2M0YzAiOnsiY3JlYXRlIjoxODAwMDAwMDAwMDAwLCJkZWxldGUiOjE4MDAwMDAwMDAwMDAsInJlYWQiOjMwMDAwMDAwMDAwMCwidXBkYXRlIjoxODAwMDAwMDAwMDAwfSwic2NoZW1hX3ZlcnNpb24iOiIxIn0=",
          "dependencies": [
            "azurerm_resource_group.rg"
          ]
        }
      ]
    },
    {
      "mode": "managed",
      "type": "azurerm_virtual_network",
      "name": "vnet_spoke_aks",
      "provider": "provider[\"registry.terraform.io/hashicorp/azurerm\"]",
      "instances": [
        {
          "schema_version": 0,
          "attributes": {
            "address_space": [
              "10.1.0.0/16"
            ],
            "bgp_community": "",
            "ddos_protection_plan": [],
            "dns_servers": [],
            "edge_zone": "",
            "encryption": [],
            "flow_timeout_in_minutes": 0,
            "guid": "1f5af690-f3f5-4816-be09-c4b4183de962",
            "id": "/subscriptions/dcef7009-6b94-4382-afdc-17eb160d709a/resourceGroups/rg-spoke-aks-simple/providers/Microsoft.Network/virtualNetworks/vnet-spoke-aks-simple",
            "location": "swedencentral",
            "name": "vnet-spoke-aks-simple",
            "private_endpoint_vnet_policies": "Disabled",
            "resource_group_name": "rg-spoke-aks-simple",
            "subnet": [
              {
                "address_prefixes": [
                  "10.1.1.0/24"
                ],
                "default_outbound_access_enabled": true,
                "delegation": [],
                "id": "/subscriptions/dcef7009-6b94-4382-afdc-17eb160d709a/resourceGroups/rg-spoke-aks-simple/providers/Microsoft.Network/virtualNetworks/vnet-spoke-aks-simple/subnets/snet-aks",
                "name": "snet-aks",
                "private_endpoint_network_policies": "Disabled",
                "private_link_service_network_policies_enabled": true,
                "route_table_id": "/subscriptions/dcef7009-6b94-4382-afdc-17eb160d709a/resourceGroups/rg-spoke-aks-simple/providers/Microsoft.Network/routeTables/route-table",
                "security_group": "",
                "service_endpoint_policy_ids": [],
                "service_endpoints": []
              }
            ],
            "tags": {},
            "timeouts": null
          },
          "sensitive_attributes": [],
          "identity_schema_version": 0,
          "private": "eyJlMmJmYjczMC1lY2FhLTExZTYtOGY4OC0zNDM2M2JjN2M0YzAiOnsiY3JlYXRlIjoxODAwMDAwMDAwMDAwLCJkZWxldGUiOjE4MDAwMDAwMDAwMDAsInJlYWQiOjMwMDAwMDAwMDAwMCwidXBkYXRlIjoxODAwMDAwMDAwMDAwfX0=",
          "dependencies": [
            "azurerm_resource_group.rg"
          ]
        }
      ]
    },
    {
      "mode": "managed",
      "type": "terraform_data",
      "name": "aks-get-credentials",
      "provider": "provider[\"terraform.io/builtin/terraform\"]",
      "instances": [
        {
          "schema_version": 0,
          "attributes": {
            "id": "f38576bc-a36e-b61f-fd6a-62a4ddf43b51",
            "input": null,
            "output": null,
            "triggers_replace": {
              "value": [
                "/subscriptions/dcef7009-6b94-4382-afdc-17eb160d709a/resourceGroups/rg-spoke-aks-simple/providers/Microsoft.ContainerService/managedClusters/aks-cluster"
              ],
              "type": [
                "tuple",
                [
                  "string"
                ]
              ]
            }
          },
          "sensitive_attributes": [],
          "identity_schema_version": 0,
          "dependencies": [
            "azurerm_kubernetes_cluster.aks",
            "azurerm_resource_group.rg",
            "azurerm_route_table.route_table",
            "azurerm_subnet.snet_aks",
            "azurerm_subnet_route_table_association.association_rt_subnet_aks",
            "azurerm_user_assigned_identity.identity_aks",
            "azurerm_virtual_network.vnet_spoke_aks"
          ]
        }
      ]
    },
    {
      "module": "module.virtual_network_peering_hub_and_spoke_aks",
      "mode": "managed",
      "type": "azurerm_virtual_network_peering",
      "name": "vnet_peering_hub_to_spoke",
      "provider": "provider[\"registry.terraform.io/hashicorp/azurerm\"]",
      "instances": [
        {
          "schema_version": 0,
          "attributes": {
            "allow_forwarded_traffic": true,
            "allow_gateway_transit": false,
            "allow_virtual_network_access": true,
            "id": "/subscriptions/dcef7009-6b94-4382-afdc-17eb160d709a/resourceGroups/rg-alz-hub/providers/Microsoft.Network/virtualNetworks/vnet-hub/virtualNetworkPeerings/vnet_peering_hub_to_vnet-spoke-aks-simple",
            "local_subnet_names": [],
            "name": "vnet_peering_hub_to_vnet-spoke-aks-simple",
            "only_ipv6_peering_enabled": false,
            "peer_complete_virtual_networks_enabled": true,
            "remote_subnet_names": [],
            "remote_virtual_network_id": "/subscriptions/dcef7009-6b94-4382-afdc-17eb160d709a/resourceGroups/rg-spoke-aks-simple/providers/Microsoft.Network/virtualNetworks/vnet-spoke-aks-simple",
            "resource_group_name": "rg-alz-hub",
            "timeouts": null,
            "triggers": null,
            "use_remote_gateways": false,
            "virtual_network_name": "vnet-hub"
          },
          "sensitive_attributes": [],
          "identity_schema_version": 0,
          "private": "eyJlMmJmYjczMC1lY2FhLTExZTYtOGY4OC0zNDM2M2JjN2M0YzAiOnsiY3JlYXRlIjoxODAwMDAwMDAwMDAwLCJkZWxldGUiOjE4MDAwMDAwMDAwMDAsInJlYWQiOjMwMDAwMDAwMDAwMCwidXBkYXRlIjoxODAwMDAwMDAwMDAwfX0=",
          "dependencies": [
            "azurerm_resource_group.rg",
            "azurerm_virtual_network.vnet_spoke_aks",
            "data.terraform_remote_state.hub"
          ]
        }
      ]
    },
    {
      "module": "module.virtual_network_peering_hub_and_spoke_aks",
      "mode": "managed",
      "type": "azurerm_virtual_network_peering",
      "name": "vnet_peering_spoke_to_hub",
      "provider": "provider[\"registry.terraform.io/hashicorp/azurerm\"]",
      "instances": [
        {
          "schema_version": 0,
          "attributes": {
            "allow_forwarded_traffic": true,
            "allow_gateway_transit": false,
            "allow_virtual_network_access": true,
            "id": "/subscriptions/dcef7009-6b94-4382-afdc-17eb160d709a/resourceGroups/rg-spoke-aks-simple/providers/Microsoft.Network/virtualNetworks/vnet-spoke-aks-simple/virtualNetworkPeerings/vnet_peering_vnet-spoke-aks-simple_to_hub",
            "local_subnet_names": [],
            "name": "vnet_peering_vnet-spoke-aks-simple_to_hub",
            "only_ipv6_peering_enabled": false,
            "peer_complete_virtual_networks_enabled": true,
            "remote_subnet_names": [],
            "remote_virtual_network_id": "/subscriptions/dcef7009-6b94-4382-afdc-17eb160d709a/resourceGroups/rg-alz-hub/providers/Microsoft.Network/virtualNetworks/vnet-hub",
            "resource_group_name": "rg-spoke-aks-simple",
            "timeouts": null,
            "triggers": null,
            "use_remote_gateways": false,
            "virtual_network_name": "vnet-spoke-aks-simple"
          },
          "sensitive_attributes": [],
          "identity_schema_version": 0,
          "private": "eyJlMmJmYjczMC1lY2FhLTExZTYtOGY4OC0zNDM2M2JjN2M0YzAiOnsiY3JlYXRlIjoxODAwMDAwMDAwMDAwLCJkZWxldGUiOjE4MDAwMDAwMDAwMDAsInJlYWQiOjMwMDAwMDAwMDAwMCwidXBkYXRlIjoxODAwMDAwMDAwMDAwfX0=",
          "dependencies": [
            "azurerm_resource_group.rg",
            "azurerm_virtual_network.vnet_spoke_aks",
            "data.terraform_remote_state.hub"
          ]
        }
      ]
    }
  ],
  "check_results": null
}
