{
  "version": 4,
  "terraform_version": "1.12.0",
  "serial": 57,
  "lineage": "08788175-ce5b-dbdd-0dd4-12b1b8a68ead",
  "outputs": {},
  "resources": [
    {
      "mode": "data",
      "type": "azurerm_subscription",
      "name": "subscription_spoke",
      "provider": "provider[\"registry.terraform.io/hashicorp/azurerm\"]",
      "instances": [
        {
          "schema_version": 0,
          "attributes": {
            "display_name": "ME-MngEnvMCAP784683-hodellai-1",
            "id": "/subscriptions/dcef7009-6b94-4382-afdc-17eb160d709a",
            "location_placement_id": "Internal_2014-09-01",
            "quota_id": "Internal_2014-09-01",
            "spending_limit": "Off",
            "state": "Enabled",
            "subscription_id": "dcef7009-6b94-4382-afdc-17eb160d709a",
            "tags": {
              "Division": "Core",
              "Environment": "Hybrid",
              "Purpose": "UserTenant",
              "TimeZone": "_P29145_France_444350001"
            },
            "tenant_id": "93139d1e-a3c1-4d78-9ed5-878be090eba4",
            "timeouts": null
          },
          "sensitive_attributes": [],
          "identity_schema_version": 0
        }
      ]
    },
    {
      "mode": "data",
      "type": "terraform_remote_state",
      "name": "hub",
      "provider": "provider[\"terraform.io/builtin/terraform\"]",
      "instances": [
        {
          "schema_version": 0,
          "attributes": {
            "backend": "local",
            "config": {
              "value": {
                "path": "../01_hub/terraform.tfstate"
              },
              "type": [
                "object",
                {
                  "path": "string"
                }
              ]
            },
            "defaults": null,
            "outputs": {
              "value": {
                "firewall": {
                  "enabled": true,
                  "name": "firewall-hub",
                  "policy_id": "/subscriptions/dcef7009-6b94-4382-afdc-17eb160d709a/resourceGroups/rg-hub/providers/Microsoft.Network/firewallPolicies/firewall-policy",
                  "private_ip": "172.16.0.4",
                  "public_ip": "172.160.224.70",
                  "rg_name": "rg-hub"
                },
                "log_analytics_workspace": {
                  "id": "/subscriptions/dcef7009-6b94-4382-afdc-17eb160d709a/resourceGroups/rg-hub/providers/Microsoft.OperationalInsights/workspaces/log-analytics",
                  "location": "swedencentral",
                  "workspace_id": "2e79a9f1-776f-48dd-aba7-d6a3b8088a34"
                },
                "vnet_hub": {
                  "id": "/subscriptions/dcef7009-6b94-4382-afdc-17eb160d709a/resourceGroups/rg-hub/providers/Microsoft.Network/virtualNetworks/vnet-hub"
                }
              },
              "type": [
                "object",
                {
                  "firewall": [
                    "object",
                    {
                      "enabled": "bool",
                      "name": "string",
                      "policy_id": "string",
                      "private_ip": "string",
                      "public_ip": "string",
                      "rg_name": "string"
                    }
                  ],
                  "log_analytics_workspace": [
                    "object",
                    {
                      "id": "string",
                      "location": "string",
                      "workspace_id": "string"
                    }
                  ],
                  "vnet_hub": [
                    "object",
                    {
                      "id": "string"
                    }
                  ]
                }
              ]
            },
            "workspace": null
          },
          "sensitive_attributes": [],
          "identity_schema_version": 0
        }
      ]
    },
    {
      "mode": "managed",
      "type": "azurerm_kubernetes_cluster",
      "name": "aks",
      "provider": "provider[\"registry.terraform.io/hashicorp/azurerm\"]",
      "instances": [
        {
          "schema_version": 2,
          "attributes": {
            "aci_connector_linux": [],
            "api_server_access_profile": [],
            "auto_scaler_profile": [
              {
                "balance_similar_node_groups": false,
                "daemonset_eviction_for_empty_nodes_enabled": false,
                "daemonset_eviction_for_occupied_nodes_enabled": true,
                "empty_bulk_delete_max": "10",
                "expander": "random",
                "ignore_daemonsets_utilization_enabled": false,
                "max_graceful_termination_sec": "600",
                "max_node_provisioning_time": "15m",
                "max_unready_nodes": 3,
                "max_unready_percentage": 45,
                "new_pod_scale_up_delay": "0s",
                "scale_down_delay_after_add": "10m",
                "scale_down_delay_after_delete": "10s",
                "scale_down_delay_after_failure": "3m",
                "scale_down_unneeded": "10m",
                "scale_down_unready": "20m",
                "scale_down_utilization_threshold": "0.5",
                "scan_interval": "10s",
                "skip_nodes_with_local_storage": false,
                "skip_nodes_with_system_pods": true
              }
            ],
            "automatic_upgrade_channel": "node-image",
            "azure_active_directory_role_based_access_control": [],
            "azure_policy_enabled": false,
            "confidential_computing": [],
            "cost_analysis_enabled": false,
            "current_kubernetes_version": "1.32.4",
            "default_node_pool": [
              {
                "auto_scaling_enabled": true,
                "capacity_reservation_group_id": "",
                "fips_enabled": false,
                "gpu_instance": "",
                "host_encryption_enabled": false,
                "host_group_id": "",
                "kubelet_config": [],
                "kubelet_disk_type": "OS",
                "linux_os_config": [],
                "max_count": 3,
                "max_pods": 110,
                "min_count": 1,
                "name": "systempool",
                "node_count": 2,
                "node_labels": {},
                "node_network_profile": [],
                "node_public_ip_enabled": false,
                "node_public_ip_prefix_id": "",
                "only_critical_addons_enabled": false,
                "orchestrator_version": "1.32.4",
                "os_disk_size_gb": 40,
                "os_disk_type": "Ephemeral",
                "os_sku": "Ubuntu",
                "pod_subnet_id": "",
                "proximity_placement_group_id": "",
                "scale_down_mode": "Delete",
                "snapshot_id": "",
                "tags": null,
                "temporary_name_for_rotation": "syspooltmp",
                "type": "VirtualMachineScaleSets",
                "ultra_ssd_enabled": false,
                "upgrade_settings": [
                  {
                    "drain_timeout_in_minutes": 0,
                    "max_surge": "10%",
                    "node_soak_duration_in_minutes": 0
                  }
                ],
                "vm_size": "Standard_D2ads_v5",
                "vnet_subnet_id": "/subscriptions/dcef7009-6b94-4382-afdc-17eb160d709a/resourceGroups/rg-spoke-aks-simple/providers/Microsoft.Network/virtualNetworks/vnet-spoke-aks-simple/subnets/snet-aks",
                "workload_runtime": "OCIContainer",
                "zones": [
                  "1",
                  "2",
                  "3"
                ]
              }
            ],
            "disk_encryption_set_id": "",
            "dns_prefix": "aks",
            "dns_prefix_private_cluster": "",
            "edge_zone": "",
            "fqdn": "aks-xry6dvbc.hcp.swedencentral.azmk8s.io",
            "http_application_routing_enabled": false,
            "http_application_routing_zone_name": null,
            "http_proxy_config": [],
            "id": "/subscriptions/dcef7009-6b94-4382-afdc-17eb160d709a/resourceGroups/rg-spoke-aks-simple/providers/Microsoft.ContainerService/managedClusters/aks-cluster",
            "identity": [
              {
                "identity_ids": [
                  "/subscriptions/dcef7009-6b94-4382-afdc-17eb160d709a/resourceGroups/rg-spoke-aks-simple/providers/Microsoft.ManagedIdentity/userAssignedIdentities/identity-aks"
                ],
                "principal_id": "",
                "tenant_id": "",
                "type": "UserAssigned"
              }
            ],
            "image_cleaner_enabled": false,
            "image_cleaner_interval_hours": 24,
            "ingress_application_gateway": [],
            "key_management_service": [],
            "key_vault_secrets_provider": [],
            "kube_admin_config": [],
            "kube_admin_config_raw": "",
            "kube_config": [
              {
                "client_certificate": "LS0tLS1CRUdJTiBDRVJUSUZJQ0FURS0tLS0tCk1JSUZIVENDQXdXZ0F3SUJBZ0lRTTJmdkFVMkxrYUUraTJrL2FadTc0ekFOQmdrcWhraUc5dzBCQVFzRkFEQU4KTVFzd0NRWURWUVFERXdKallUQWVGdzB5TlRBMk1USXdNekk0TlRaYUZ3MHlOekEyTVRJd016TTROVFphTURBeApGekFWQmdOVkJBb1REbk41YzNSbGJUcHRZWE4wWlhKek1SVXdFd1lEVlFRREV3eHRZWE4wWlhKamJHbGxiblF3CmdnSWlNQTBHQ1NxR1NJYjNEUUVCQVFVQUE0SUNEd0F3Z2dJS0FvSUNBUURZRzVYMjZtSXBFYW54ZFdHV3E1YlQKQmc1aXk5ZkhLNW1sYUIxcEp6Z3ZBTEd3aG5MaGlqUG1nSkRBM21hNUhyMElxQ1AwTzVpTlg4bUZMSzliYnZ5TwpMMnNudjNsbEhRVTNtNmFUMUkwQmlvZnJBQllFakt4Tmh4OUFJWXBtUE1WZGxXYlVidjRWTTNvd2drSk9oUTFTCjg4SnpxVlBpaDg5Sm4rWmdocGlyWW9KeVl2cWM0WU9NN1JWQk8xNjg1UFlhMFovSTVhd2E3YWE1SVIydEFqS2UKdGc1YVZ3d0JnYWFrcWZsMzlWWmtXczlEaGRlbjNRVjYvcmRLZ0liYTQzUHpqY0hsUm9seWVQakNkcGl5dXpjNQpYdTgvL3J4ZisvZCtDMTNRWjRoQzV2Mkx6SzRoazNVVE5raG85SGZ6VVV6RnpjU0p2UnE2SlpGeldVOSsvQTJQCnVZV1RHVVpJQjNyQU1qOTZiREZCdFZXQnN0YWVaakR4UkFUaE1uTE9uWVhkRzJXQ3g0anFxYWtNSlVYWXhhQVEKaEJLQ0k2UGlVd1VES1EwV0RJbUVaS2NyODNsZ3pDeHJXaXFSNEUzd2NWL0UvU2NvQ0ZvbGR0RWpGVk9YM3BDZQo3dkxMTmNzeG55a2dYemdoeldVNzZTbzBxMkt5U3ZYT3RwWG5NK0tWbXFpQ2dZWTVZR2NvUzBseWNCWUY4REVJCi9YRnJHZWt6WVJlUnpHQVAwbHhncTFFQVJpdDM2RXRPcFlSdUhENjdURGtsWVRjUW5EekFFUFBBQmpHVEEyWFoKOWZ1M0w1U01PVUxadkJDMVNiMVZiVkdDQmRScDNzTUNpVzZXTEp5dGxLd0xZdkZRRFB4VElORHBudFVFcURVNgp1WStWRFV5L1d0bkJ0a2xUM0p4amRRSURBUUFCbzFZd1ZEQU9CZ05WSFE4QkFmOEVCQU1DQmFBd0V3WURWUjBsCkJBd3dDZ1lJS3dZQkJRVUhBd0l3REFZRFZSMFRBUUgvQkFJd0FEQWZCZ05WSFNNRUdEQVdnQlMzNDJjMVNxamoKekVNWVRuV2lkbHd0Si9oRWZ6QU5CZ2txaGtpRzl3MEJBUXNGQUFPQ0FnRUFwdkxaTjM4ME9SbCtRUzBQUmxUbApjcWhFUmo5R0hrUHh3enpDNjNOeVRrdWs5eWsxTGxsVldWV0lhcFRTNG1YOHE3L2JtcTA1Ung0M2syQkdiK1hYCnZFZ3pheE1JT2REVDNLNlBSR3UxanltalQ2Yy9ESXhDdmlkc1ZEamFhMUZ2N1VoWGZXTE9zMXJGWDh5S0NxaEUKSVcvZ1p3eXB5cTZUVlZ6c3g1Snh1d3FKdGRCZ2NDMnF2ckJyK0VRem5oekk2UVhWMHljRC9ZUzhvaFNCVldiOApseGw1WEpSb1ZqVmE2cmt4MG0vK3dUNkJOTWNWVFFmMkljYkNITFRqRkY3WnlHZHpFclpnajlOeGNNZFlGQks2CkNESER5R3BBeVRyQ0FrdTJqN0VsMmpab21UWTFvdTJiWDhWZ2lET3ZGYU5tVWR6aHYvSW95SWlWV1piejBhYXcKSmFCbDA3N0NRdDJoL1JtT0xoSzFtUSt4OG9WRk9TdW5velFEaE9hTkdmTUtQbDZwbks2b2pLZTFicGhKQXk3awpYbFpGbW5EdzZoM3ByYUlZZ3hiK25IamNpY2RNUjBUL2dndE9mVXBzMlJLc1BOYStBNGpSMlN0N3RRRTd2MGYzCmFveG1DQlFXRXIreXpEUU1nQXJ2OU8weXRleEgwVUJQTHRGTmNLNTFSeGZVOUwyQ2hoTUZJbHFrNkhlSjRqNlIKUTdtcGJCRERoU0FEeldpbEZWelQ2a2ovZkFEZkh0UHZldFpwUHB4VmlTM3hDeE54MmhKTGNETTdIYXlSOTU3Lwo5VGp3MWRPR3dPL09PRVAvdlJKSDRYSnc2TjI5cGlkYlJwclk0aWx1cUN3bFRveEs2VExQTndPVCtoSG83UGNNCktxVndEWURlWWJsaW9IVlpjd2xaUk53PQotLS0tLUVORCBDRVJUSUZJQ0FURS0tLS0tCg==",
                "client_key": "LS0tLS1CRUdJTiBSU0EgUFJJVkFURSBLRVktLS0tLQpNSUlKS1FJQkFBS0NBZ0VBMkJ1Vjl1cGlLUkdwOFhWaGxxdVcwd1lPWXN2WHh5dVpwV2dkYVNjNEx3Q3hzSVp5CjRZb3o1b0NRd041bXVSNjlDS2dqOUR1WWpWL0poU3l2VzI3OGppOXJKNzk1WlIwRk41dW1rOVNOQVlxSDZ3QVcKQkl5c1RZY2ZRQ0dLWmp6RlhaVm0xRzcrRlRONk1JSkNUb1VOVXZQQ2M2bFQ0b2ZQU1ovbVlJYVlxMktDY21MNgpuT0dEak8wVlFUdGV2T1QyR3RHZnlPV3NHdTJtdVNFZHJRSXlucllPV2xjTUFZR21wS241ZC9WV1pGclBRNFhYCnA5MEZldjYzU29DRzJ1Tno4NDNCNVVhSmNuajR3bmFZc3JzM09WN3ZQLzY4WC92M2ZndGQwR2VJUXViOWk4eXUKSVpOMUV6WklhUFIzODFGTXhjM0VpYjBhdWlXUmMxbFBmdndOajdtRmt4bEdTQWQ2d0RJL2Vtd3hRYlZWZ2JMVwpubVl3OFVRRTRUSnl6cDJGM1J0bGdzZUk2cW1wRENWRjJNV2dFSVFTZ2lPajRsTUZBeWtORmd5SmhHU25LL041CllNd3NhMW9xa2VCTjhIRmZ4UDBuS0FoYUpYYlJJeFZUbDk2UW51N3l5elhMTVo4cElGODRJYzFsTytrcU5LdGkKc2tyMXpyYVY1elBpbFpxb2dvR0dPV0JuS0V0SmNuQVdCZkF4Q1AxeGF4bnBNMkVYa2N4Z0Q5SmNZS3RSQUVZcgpkK2hMVHFXRWJodyt1MHc1SldFM0VKdzh3QkR6d0FZeGt3TmwyZlg3dHkrVWpEbEMyYndRdFVtOVZXMVJnZ1hVCmFkN0RBb2x1bGl5Y3JaU3NDMkx4VUF6OFV5RFE2WjdWQktnMU9ybVBsUTFNdjFyWndiWkpVOXljWTNVQ0F3RUEKQVFLQ0FnQktwZ3pCUStrd1lvZWZmbnA5UHp4VUhHMXZ0eFlNR0lWMFcyaDlZQ3pLSDZWQllzL2dGSXNrL2hnQwpaMUI0ZGFPNmo4b0xuV0p1d3oycklPcFozUmFrVHNEbTgvOE03RjlXL0E4b1ZXMTNzTkNPWG5NOGt4TVpuS2t3CnorVXN0NlU5VkZRMjRUZ25QcWJnaHI0OHZUMERBR3lVNDFLMGwxRUZENVRXbHVlNW04ZVBsNTBWLzlnZkgrNE4Kb0dKelFXdTVpOXR6MjlIOVkwWUtBT1J0VktzRG84T0ZkVGdTZFNTSkVLVzV5Q2RWZHdETlJEaGdKYnEwNTdPTQpxcVRxaTFNTU9GVlh5MnZDL1FLQXVkSzVPbTR6QlJZRHR3eCs0MXgwVDV6U1ZsRDlPeWt0MXovM0hTWjl3bXgwCnhLMkNnUHpSL3VmNjVEV05RMWpneldMbWJFNktTZ2V6eDFMTGZRZjJ2U2prTW15R1d3NGFabXBJcXFUWmlya00KL2FsZnlNOEpuNUc3cHZwYit0emdOakhGOXdINUUxWGw0UWFaa3F5S3U1eGRwLzRkeURVSVB6cW9DczFseW5NNwo4djR6TE9CQ3RqTkJWdThhY1FVMkRRaFNQTEVGdkZranUvYkpBcmNiZzdiS1B6TEMrMUJjYzdFaURRUVpRSTQ3ClU2RHpsOHdBaUIvUGU0a1hTTkVwMlNZaHg5VHV0ZEhZZy9iNHdSTDNEemlJNTdNNDBMK1dWYVpEekZic2ZMQTYKWVBnb0FHTTF6QW9TZ2ZHRUYxRXB6WE5ZNFZBaW56T1ZmMCsyMys0TUtkMS92MTFZMmxWNVdKelJ5Mm4zeUJGSApuUVBjR1lrblgzUFpFTVVlZ0VxRDhHdjIrMEE5MUtRamlWa3JFTjgrRER5d00rd0VLUUtDQVFFQS9hZVZpR29yCldxU1VnUmhENkNSOVFqVkNXSzhIRnRlVEtyM1REeng5bkNneDdlR0Uza1VTTnowQnZKR2EwNnBRSWZGNXpIOWUKdDVYaktmQWlJYU5WV0VoVlJKWTlPWHFXZ1U2K21yMDM2cHBvTWVGWkVvOXFTQTZDaXNiMStFRDFsZ3M3dWwvSApBcUJtaExEQ00zdzg3b0pYSjc3cUUranJELzM3cjJOdW0zbHB1bVc0QWZ6d2tDWjRMaXczbmY4TEdoeEdqTnFyCmF6TEtSYXN1MWhNUW1DeVBuMVN6WDlHOHlESjEvMU1vcll4eXpaQlBxYXY3N2FNQVpmM2N6L256VW9HL0pMN1MKWldndEtKcFgreWtiblBsbm1hSGw0Mzl0ZjJCOE93djQ1ZEpHeTJHT1ZYMUduZGhqbnprRUJCWXBMQk9rV25GNQo2R1AyeFpCZVorZlRjd0tDQVFFQTJoc2dQNTBYb2pDMVh1Q1dmSitXU3lKYlpDVEFjSUxHNHl2ZmZscVpvRDFwCmc2WFYzeENQOGpoWldpOHBwaVltalNocUlBcm5zZVFzZ0gzYUJHbmNqNkVmbU0yU0c0NDBCVDV6NnFUWkQxWjYKRGhWTTd3d09RTDZjb0RCLzZ1N3ljN2ZjVWxkdlRIM2owam1ZTmhjelB1dTM3S2VLRmJ2cS9tdWpObzVRZllEcgp1VUpNb2p4LzhwYUt4b25tYUk0bU5KRGtobDR6dkNJbzlScWJvNzF4eGpIL2RvdVNyY01LNUVGbXp4RW1wQkQ2CmdiMkZ6ZWRBcUNjTmxEOVBkN3hJSzMzbGRybmg2SnNrY2ozMlkvd2FQbzFrWVBSelNhSlBnOFJVTGJ0a3pxTEEKNWcwQXZqQlQ4VGRsU0s5N2UyV3dVQm8xK3RhRVhlQVUyNmhyd2ZaRGR3S0NBUUVBK3QwelZxY3FHWXVNRStFYgp5QXZPbGh4MmNaOHBNNzRoSHJSK2VTTXFWN2FwS3N0UHpVUWlyOTcyU0xqNGx6NXA0aWdnZmMrNnJYYmdKQ29LCmw1b2lYaDJydHhtZms2bGFFS2tBZWFtS0U4eUNJRkx1OVJ4QjBPSUkyWmZNektueU9XTUN2MkRhUWc3QlZabzcKZHcvNGN5c1ZaNG01bDlkVUk0emR6cWhZVEF2WU5URkV1ektkK1BNVENSZFNLa0NEaWw5TXB5SGRSemdFTk1NSQpuMUJicVNUcEpudHVxK1dTLzZ4b1p3eW52bnlaVGhUYnRNTVRkZ012OGE4Ukk5L2dka2s3OGV1SHlpTXVCbW9mCmVaYythQkdDRkwrNXpUWEo1YUJYUFU2cDZ5SDhRa2xKcStNcVpCSU85UG8rcm92OFRFdGcwTkpKN3p4dVl4WlYKU0E1UFlRS0NBUUE1UnlScDhGeHppSzBvOUh3dzBFeE5BUUhWUTkyUjdwWkN0SlBsLys4V2FPcGIyMkpXU1dnMApLVjQxMCtyeEtsVzNmbVNZYzZTelVBUHIzcUV4eFlkWjVPdUNXb0pEWUU0RERvcXNsWXczZmZOaDNYQXQyeEduCktTZkMzZG5LSGVSb1JXSEQ4aGhWa3o0UVNIWFR4clg3a1RYbEhYNmpCSTNMTVFOVTRYejc2SzUvSVkwMGtnVGIKOVhNT2ZzcVdyTFlWMmZOWjRrVmQ0KzZ6cDhBMStSdDIvRXhsbW5QejFDUDVHNy9mSTFidGdWUDRYSWhXTWFRRwpSUE5JK25OcE0zWVVqZVNFRUg3bWNrL1kvTExIUVQ2M0xMU3V6YU8xTTc0RUVidzFvbC92OEVnT1lsM09sS3lHCnpaQjR6VFQxakJnSWdVbXB6VXBIeVFCUlMySzVObTR6QW9JQkFRREhPTE5ZTm4yV1k3Rm9HYTFCclRJWE5kdHgKMWR4djdxeWJnNXhYTXBUdWR3N3NGbk9XVk5CdUpSS2JBd2Q4QVZvK3VpdWI5WFFRMVg0ZUJ4eGFmemM4MkpmTAovS1VxblFiOWZtYStFVWNkUGhON0U5anZldnZyMWZOZ1ZUaHYzbHJ5aFFxS2dpTkNaZkZ0VEhFUjFNOTZNNFdJCmFpMkEzcm9VWHhQRlByeTN6UzdneDBkTzBoZVNzR0laeVhkdlVheVlDQTdHeVV5bWZ0MFJKVmpSOFlMV1d1MWYKUDUvMzBDUzM0WmludkQ2dUpUMDlNRGJ6ZUlpRkNmNmN6Nk1vN0NyZ1o2SzJoVGovbjRVb20zWGNaSi9HWVk5Kwp3eUZldEpZb1RDOGdTQTNFcDVJcmd0TVpCSGY5bEtFTEdCYnYvSmZuY2lERGxQam5GaTlFSkZqeHoxQ1EKLS0tLS1FTkQgUlNBIFBSSVZBVEUgS0VZLS0tLS0K",
                "cluster_ca_certificate": "LS0tLS1CRUdJTiBDRVJUSUZJQ0FURS0tLS0tCk1JSUU2RENDQXRDZ0F3SUJBZ0lRTlNsbGV5bEdXQXZQcm9sK09JUmxTREFOQmdrcWhraUc5dzBCQVFzRkFEQU4KTVFzd0NRWURWUVFERXdKallUQWdGdzB5TlRBMk1USXdNekk0TlRaYUdBOHlNRFUxTURZeE1qQXpNemcxTmxvdwpEVEVMTUFrR0ExVUVBeE1DWTJFd2dnSWlNQTBHQ1NxR1NJYjNEUUVCQVFVQUE0SUNEd0F3Z2dJS0FvSUNBUUR2CkRtVUtzRW5hOWN5VEtxMGVTdVpGNE1VcTVHVHN2czJ2ekl1RnJQSDlOUG5ZY2lqOTU1em00Rkk5L2VCdGRkWW8KS09sV0YrbllZSWQvYWZVa2tRTk85SXdkQmhIVExhelRDaGpIOXJCSzZDMUlRNVJvNUZTMzQwdk5qdUVEMTdkagpGb3RYOXpJTlExM1VPaDVCVGVwaXFpeFZlTlVheHFoZEtJRjVnenFhMnlqZzBOZ1pQVTBVRTJqellKQmFzSU9VCkVEZDVjVXdkZGM1RzdWeGV6RGI0c043Wk1pajdmN3YzYkl4eTVvdHRibm12eHRNck9PY0xvSzRwWnFGSmx2VjgKbitoakNOUE5NZXJhNDdKcEYvanE4MmFPdUZyQnJjcHQ1RWNDbURrYnFWajQwZE42NENEZUFydDNXOW9NSkdMUwo5NTBmV3o5R1hySXRmMURwdXpnTDgyTzJsUTR5dElNVy9GUkJ2V2U4TGxCdTl0ekdSeWVrTWVJWmJnTk5rNUlaCkR4bnBSY0xPL3JFSFRtNEtaNFRKZ1RjbVFWWm5RbWcvSENRWnc5azgyNVM3czVDUGEwODV3cHN3WHd4czluemEKdDYzVkhtd0Y4U0NRaGNCZWpkL280djRRNEVyNXQwL2NpRVpGVjBtajdvdmxnVlJ4VERXWE5XUk44NjBtdDVpOQoxVVhWdU5pWjBVMGczaUNSUjBKZzNZYjVteGszZE1FVGUyZXI3NVJUMEpyTnQxRE42aVJQRVF2TThqaVB2WlZvCkEvUEF1c0I3VVY0OXZiNnFCMUlCS2pxUUJlZDJHVnlocmM1UEV6dlV3TkFTemV5UEVBZ0dZRFlKbXYzTFlFa0UKbDFXNVFHWEg0aVozRmZDNzd5ZzYvUEYzK3VtTVpGeXMxNE9yVWhPdGV3SURBUUFCbzBJd1FEQU9CZ05WSFE4QgpBZjhFQkFNQ0FxUXdEd1lEVlIwVEFRSC9CQVV3QXdFQi96QWRCZ05WSFE0RUZnUVV0K05uTlVxbzQ4eERHRTUxCm9uWmNMU2Y0Ukg4d0RRWUpLb1pJaHZjTkFRRUxCUUFEZ2dJQkFNMmtXQTBmTVF2Z1EvRnRqRVpuYWtmTFFsNC8KMkxpRnlCZFZqRm1XVk1jUFlZOUQ1STFnaTF1cWZWYUpqMW8vdmNvQ2ZKeXNjSXBRTnMzaEE4Mk55OWw5cWdmcQp4eUdEYzJSb2w2dlF1djdITmhlZXBGdjVybHFTQ005Ym1ZdlcwQ3psczlNRkZYeDJqeTNBYjZFTGhJTTdRT082ClVaa2Q1OGdzbmlrWjRqcE9ab0tKRnh2eHNsZjBEK0srRXQ5dkhBcTIxZ2hLcjRvbmtldFVWNUZKMStJOVNDV20Kc1FGK293Mi96ZEU4RjZCVVErdU1hSnZkYzVrNFVtSUFvUTV1Z3FUWUJNSVBLbG1jdVp5RU52bGY1Y0xETEpHUQoxNitKcWs0NkxvWVB1ZnJGVnNWVC9LaDkzKzhMa2s0SUVpbDJXVFZCMGlVeTVGaWNDU1VwckZoWHRFdmxuT3NECkd5WFFUWWNNVUY5alpyWDRNMjVoRVJrL0JsN2EvelJTeThaeXVxdnhFVjRvTTROak9CdzBQQlZVZk84WFdDY3IKVG8rUE41T0FueDM5WGVjQi9XOU82VlBDZ3pINWdhbnJ3Yk1qUmNFQlBMdTBHaGJGbGcrSEgyK2xSak11RTJPawpUdE9lQmhqMnlERDcwdlh3Yyt0d0x5QzF0SUVDcWgyS0hybngzSkRLSm53aS9zNUlSVVYvVjBYYi9yMnVsT0YvCmNFWC9KZXNUUGUzVUl2ejJVU3A4aDZRNCs0LzJ1OXRLSG5MS1lST2hTYm9WNVM1OCtmaHk3VnFYTDlDN0xtWEwKY3Z0OVE2MjZ5Q21icEttS0JRcjdDOGVVOHdsQTd4WVdZdk1RWHRXNWM1ZCsyZGhTdDUrMXJDdGk1aUdwMm05WgprWUplN09rME1ZbmJaMFdvCi0tLS0tRU5EIENFUlRJRklDQVRFLS0tLS0K",
                "host": "https://aks-xry6dvbc.hcp.swedencentral.azmk8s.io:443",
                "password": "1zajdivkaijik3q0i1ltp24aki2d88pf4jespw8w54hlmpe95qlpivrhdw9la26jn95u8e73qmghz2b0sk8964aipachxrnjv6a521kjwcqf020t4hcdcvvhw987uk51",
                "username": "clusterUser_rg-spoke-aks-simple_aks-cluster"
              }
            ],
            "kube_config_raw": "apiVersion: v1\nclusters:\n- cluster:\n    certificate-authority-data: LS0tLS1CRUdJTiBDRVJUSUZJQ0FURS0tLS0tCk1JSUU2RENDQXRDZ0F3SUJBZ0lRTlNsbGV5bEdXQXZQcm9sK09JUmxTREFOQmdrcWhraUc5dzBCQVFzRkFEQU4KTVFzd0NRWURWUVFERXdKallUQWdGdzB5TlRBMk1USXdNekk0TlRaYUdBOHlNRFUxTURZeE1qQXpNemcxTmxvdwpEVEVMTUFrR0ExVUVBeE1DWTJFd2dnSWlNQTBHQ1NxR1NJYjNEUUVCQVFVQUE0SUNEd0F3Z2dJS0FvSUNBUUR2CkRtVUtzRW5hOWN5VEtxMGVTdVpGNE1VcTVHVHN2czJ2ekl1RnJQSDlOUG5ZY2lqOTU1em00Rkk5L2VCdGRkWW8KS09sV0YrbllZSWQvYWZVa2tRTk85SXdkQmhIVExhelRDaGpIOXJCSzZDMUlRNVJvNUZTMzQwdk5qdUVEMTdkagpGb3RYOXpJTlExM1VPaDVCVGVwaXFpeFZlTlVheHFoZEtJRjVnenFhMnlqZzBOZ1pQVTBVRTJqellKQmFzSU9VCkVEZDVjVXdkZGM1RzdWeGV6RGI0c043Wk1pajdmN3YzYkl4eTVvdHRibm12eHRNck9PY0xvSzRwWnFGSmx2VjgKbitoakNOUE5NZXJhNDdKcEYvanE4MmFPdUZyQnJjcHQ1RWNDbURrYnFWajQwZE42NENEZUFydDNXOW9NSkdMUwo5NTBmV3o5R1hySXRmMURwdXpnTDgyTzJsUTR5dElNVy9GUkJ2V2U4TGxCdTl0ekdSeWVrTWVJWmJnTk5rNUlaCkR4bnBSY0xPL3JFSFRtNEtaNFRKZ1RjbVFWWm5RbWcvSENRWnc5azgyNVM3czVDUGEwODV3cHN3WHd4czluemEKdDYzVkhtd0Y4U0NRaGNCZWpkL280djRRNEVyNXQwL2NpRVpGVjBtajdvdmxnVlJ4VERXWE5XUk44NjBtdDVpOQoxVVhWdU5pWjBVMGczaUNSUjBKZzNZYjVteGszZE1FVGUyZXI3NVJUMEpyTnQxRE42aVJQRVF2TThqaVB2WlZvCkEvUEF1c0I3VVY0OXZiNnFCMUlCS2pxUUJlZDJHVnlocmM1UEV6dlV3TkFTemV5UEVBZ0dZRFlKbXYzTFlFa0UKbDFXNVFHWEg0aVozRmZDNzd5ZzYvUEYzK3VtTVpGeXMxNE9yVWhPdGV3SURBUUFCbzBJd1FEQU9CZ05WSFE4QgpBZjhFQkFNQ0FxUXdEd1lEVlIwVEFRSC9CQVV3QXdFQi96QWRCZ05WSFE0RUZnUVV0K05uTlVxbzQ4eERHRTUxCm9uWmNMU2Y0Ukg4d0RRWUpLb1pJaHZjTkFRRUxCUUFEZ2dJQkFNMmtXQTBmTVF2Z1EvRnRqRVpuYWtmTFFsNC8KMkxpRnlCZFZqRm1XVk1jUFlZOUQ1STFnaTF1cWZWYUpqMW8vdmNvQ2ZKeXNjSXBRTnMzaEE4Mk55OWw5cWdmcQp4eUdEYzJSb2w2dlF1djdITmhlZXBGdjVybHFTQ005Ym1ZdlcwQ3psczlNRkZYeDJqeTNBYjZFTGhJTTdRT082ClVaa2Q1OGdzbmlrWjRqcE9ab0tKRnh2eHNsZjBEK0srRXQ5dkhBcTIxZ2hLcjRvbmtldFVWNUZKMStJOVNDV20Kc1FGK293Mi96ZEU4RjZCVVErdU1hSnZkYzVrNFVtSUFvUTV1Z3FUWUJNSVBLbG1jdVp5RU52bGY1Y0xETEpHUQoxNitKcWs0NkxvWVB1ZnJGVnNWVC9LaDkzKzhMa2s0SUVpbDJXVFZCMGlVeTVGaWNDU1VwckZoWHRFdmxuT3NECkd5WFFUWWNNVUY5alpyWDRNMjVoRVJrL0JsN2EvelJTeThaeXVxdnhFVjRvTTROak9CdzBQQlZVZk84WFdDY3IKVG8rUE41T0FueDM5WGVjQi9XOU82VlBDZ3pINWdhbnJ3Yk1qUmNFQlBMdTBHaGJGbGcrSEgyK2xSak11RTJPawpUdE9lQmhqMnlERDcwdlh3Yyt0d0x5QzF0SUVDcWgyS0hybngzSkRLSm53aS9zNUlSVVYvVjBYYi9yMnVsT0YvCmNFWC9KZXNUUGUzVUl2ejJVU3A4aDZRNCs0LzJ1OXRLSG5MS1lST2hTYm9WNVM1OCtmaHk3VnFYTDlDN0xtWEwKY3Z0OVE2MjZ5Q21icEttS0JRcjdDOGVVOHdsQTd4WVdZdk1RWHRXNWM1ZCsyZGhTdDUrMXJDdGk1aUdwMm05WgprWUplN09rME1ZbmJaMFdvCi0tLS0tRU5EIENFUlRJRklDQVRFLS0tLS0K\n    server: https://aks-xry6dvbc.hcp.swedencentral.azmk8s.io:443\n  name: aks-cluster\ncontexts:\n- context:\n    cluster: aks-cluster\n    user: clusterUser_rg-spoke-aks-simple_aks-cluster\n  name: aks-cluster\ncurrent-context: aks-cluster\nkind: Config\npreferences: {}\nusers:\n- name: clusterUser_rg-spoke-aks-simple_aks-cluster\n  user:\n    client-certificate-data: LS0tLS1CRUdJTiBDRVJUSUZJQ0FURS0tLS0tCk1JSUZIVENDQXdXZ0F3SUJBZ0lRTTJmdkFVMkxrYUUraTJrL2FadTc0ekFOQmdrcWhraUc5dzBCQVFzRkFEQU4KTVFzd0NRWURWUVFERXdKallUQWVGdzB5TlRBMk1USXdNekk0TlRaYUZ3MHlOekEyTVRJd016TTROVFphTURBeApGekFWQmdOVkJBb1REbk41YzNSbGJUcHRZWE4wWlhKek1SVXdFd1lEVlFRREV3eHRZWE4wWlhKamJHbGxiblF3CmdnSWlNQTBHQ1NxR1NJYjNEUUVCQVFVQUE0SUNEd0F3Z2dJS0FvSUNBUURZRzVYMjZtSXBFYW54ZFdHV3E1YlQKQmc1aXk5ZkhLNW1sYUIxcEp6Z3ZBTEd3aG5MaGlqUG1nSkRBM21hNUhyMElxQ1AwTzVpTlg4bUZMSzliYnZ5TwpMMnNudjNsbEhRVTNtNmFUMUkwQmlvZnJBQllFakt4Tmh4OUFJWXBtUE1WZGxXYlVidjRWTTNvd2drSk9oUTFTCjg4SnpxVlBpaDg5Sm4rWmdocGlyWW9KeVl2cWM0WU9NN1JWQk8xNjg1UFlhMFovSTVhd2E3YWE1SVIydEFqS2UKdGc1YVZ3d0JnYWFrcWZsMzlWWmtXczlEaGRlbjNRVjYvcmRLZ0liYTQzUHpqY0hsUm9seWVQakNkcGl5dXpjNQpYdTgvL3J4ZisvZCtDMTNRWjRoQzV2Mkx6SzRoazNVVE5raG85SGZ6VVV6RnpjU0p2UnE2SlpGeldVOSsvQTJQCnVZV1RHVVpJQjNyQU1qOTZiREZCdFZXQnN0YWVaakR4UkFUaE1uTE9uWVhkRzJXQ3g0anFxYWtNSlVYWXhhQVEKaEJLQ0k2UGlVd1VES1EwV0RJbUVaS2NyODNsZ3pDeHJXaXFSNEUzd2NWL0UvU2NvQ0ZvbGR0RWpGVk9YM3BDZQo3dkxMTmNzeG55a2dYemdoeldVNzZTbzBxMkt5U3ZYT3RwWG5NK0tWbXFpQ2dZWTVZR2NvUzBseWNCWUY4REVJCi9YRnJHZWt6WVJlUnpHQVAwbHhncTFFQVJpdDM2RXRPcFlSdUhENjdURGtsWVRjUW5EekFFUFBBQmpHVEEyWFoKOWZ1M0w1U01PVUxadkJDMVNiMVZiVkdDQmRScDNzTUNpVzZXTEp5dGxLd0xZdkZRRFB4VElORHBudFVFcURVNgp1WStWRFV5L1d0bkJ0a2xUM0p4amRRSURBUUFCbzFZd1ZEQU9CZ05WSFE4QkFmOEVCQU1DQmFBd0V3WURWUjBsCkJBd3dDZ1lJS3dZQkJRVUhBd0l3REFZRFZSMFRBUUgvQkFJd0FEQWZCZ05WSFNNRUdEQVdnQlMzNDJjMVNxamoKekVNWVRuV2lkbHd0Si9oRWZ6QU5CZ2txaGtpRzl3MEJBUXNGQUFPQ0FnRUFwdkxaTjM4ME9SbCtRUzBQUmxUbApjcWhFUmo5R0hrUHh3enpDNjNOeVRrdWs5eWsxTGxsVldWV0lhcFRTNG1YOHE3L2JtcTA1Ung0M2syQkdiK1hYCnZFZ3pheE1JT2REVDNLNlBSR3UxanltalQ2Yy9ESXhDdmlkc1ZEamFhMUZ2N1VoWGZXTE9zMXJGWDh5S0NxaEUKSVcvZ1p3eXB5cTZUVlZ6c3g1Snh1d3FKdGRCZ2NDMnF2ckJyK0VRem5oekk2UVhWMHljRC9ZUzhvaFNCVldiOApseGw1WEpSb1ZqVmE2cmt4MG0vK3dUNkJOTWNWVFFmMkljYkNITFRqRkY3WnlHZHpFclpnajlOeGNNZFlGQks2CkNESER5R3BBeVRyQ0FrdTJqN0VsMmpab21UWTFvdTJiWDhWZ2lET3ZGYU5tVWR6aHYvSW95SWlWV1piejBhYXcKSmFCbDA3N0NRdDJoL1JtT0xoSzFtUSt4OG9WRk9TdW5velFEaE9hTkdmTUtQbDZwbks2b2pLZTFicGhKQXk3awpYbFpGbW5EdzZoM3ByYUlZZ3hiK25IamNpY2RNUjBUL2dndE9mVXBzMlJLc1BOYStBNGpSMlN0N3RRRTd2MGYzCmFveG1DQlFXRXIreXpEUU1nQXJ2OU8weXRleEgwVUJQTHRGTmNLNTFSeGZVOUwyQ2hoTUZJbHFrNkhlSjRqNlIKUTdtcGJCRERoU0FEeldpbEZWelQ2a2ovZkFEZkh0UHZldFpwUHB4VmlTM3hDeE54MmhKTGNETTdIYXlSOTU3Lwo5VGp3MWRPR3dPL09PRVAvdlJKSDRYSnc2TjI5cGlkYlJwclk0aWx1cUN3bFRveEs2VExQTndPVCtoSG83UGNNCktxVndEWURlWWJsaW9IVlpjd2xaUk53PQotLS0tLUVORCBDRVJUSUZJQ0FURS0tLS0tCg==\n    client-key-data: LS0tLS1CRUdJTiBSU0EgUFJJVkFURSBLRVktLS0tLQpNSUlKS1FJQkFBS0NBZ0VBMkJ1Vjl1cGlLUkdwOFhWaGxxdVcwd1lPWXN2WHh5dVpwV2dkYVNjNEx3Q3hzSVp5CjRZb3o1b0NRd041bXVSNjlDS2dqOUR1WWpWL0poU3l2VzI3OGppOXJKNzk1WlIwRk41dW1rOVNOQVlxSDZ3QVcKQkl5c1RZY2ZRQ0dLWmp6RlhaVm0xRzcrRlRONk1JSkNUb1VOVXZQQ2M2bFQ0b2ZQU1ovbVlJYVlxMktDY21MNgpuT0dEak8wVlFUdGV2T1QyR3RHZnlPV3NHdTJtdVNFZHJRSXlucllPV2xjTUFZR21wS241ZC9WV1pGclBRNFhYCnA5MEZldjYzU29DRzJ1Tno4NDNCNVVhSmNuajR3bmFZc3JzM09WN3ZQLzY4WC92M2ZndGQwR2VJUXViOWk4eXUKSVpOMUV6WklhUFIzODFGTXhjM0VpYjBhdWlXUmMxbFBmdndOajdtRmt4bEdTQWQ2d0RJL2Vtd3hRYlZWZ2JMVwpubVl3OFVRRTRUSnl6cDJGM1J0bGdzZUk2cW1wRENWRjJNV2dFSVFTZ2lPajRsTUZBeWtORmd5SmhHU25LL041CllNd3NhMW9xa2VCTjhIRmZ4UDBuS0FoYUpYYlJJeFZUbDk2UW51N3l5elhMTVo4cElGODRJYzFsTytrcU5LdGkKc2tyMXpyYVY1elBpbFpxb2dvR0dPV0JuS0V0SmNuQVdCZkF4Q1AxeGF4bnBNMkVYa2N4Z0Q5SmNZS3RSQUVZcgpkK2hMVHFXRWJodyt1MHc1SldFM0VKdzh3QkR6d0FZeGt3TmwyZlg3dHkrVWpEbEMyYndRdFVtOVZXMVJnZ1hVCmFkN0RBb2x1bGl5Y3JaU3NDMkx4VUF6OFV5RFE2WjdWQktnMU9ybVBsUTFNdjFyWndiWkpVOXljWTNVQ0F3RUEKQVFLQ0FnQktwZ3pCUStrd1lvZWZmbnA5UHp4VUhHMXZ0eFlNR0lWMFcyaDlZQ3pLSDZWQllzL2dGSXNrL2hnQwpaMUI0ZGFPNmo4b0xuV0p1d3oycklPcFozUmFrVHNEbTgvOE03RjlXL0E4b1ZXMTNzTkNPWG5NOGt4TVpuS2t3CnorVXN0NlU5VkZRMjRUZ25QcWJnaHI0OHZUMERBR3lVNDFLMGwxRUZENVRXbHVlNW04ZVBsNTBWLzlnZkgrNE4Kb0dKelFXdTVpOXR6MjlIOVkwWUtBT1J0VktzRG84T0ZkVGdTZFNTSkVLVzV5Q2RWZHdETlJEaGdKYnEwNTdPTQpxcVRxaTFNTU9GVlh5MnZDL1FLQXVkSzVPbTR6QlJZRHR3eCs0MXgwVDV6U1ZsRDlPeWt0MXovM0hTWjl3bXgwCnhLMkNnUHpSL3VmNjVEV05RMWpneldMbWJFNktTZ2V6eDFMTGZRZjJ2U2prTW15R1d3NGFabXBJcXFUWmlya00KL2FsZnlNOEpuNUc3cHZwYit0emdOakhGOXdINUUxWGw0UWFaa3F5S3U1eGRwLzRkeURVSVB6cW9DczFseW5NNwo4djR6TE9CQ3RqTkJWdThhY1FVMkRRaFNQTEVGdkZranUvYkpBcmNiZzdiS1B6TEMrMUJjYzdFaURRUVpRSTQ3ClU2RHpsOHdBaUIvUGU0a1hTTkVwMlNZaHg5VHV0ZEhZZy9iNHdSTDNEemlJNTdNNDBMK1dWYVpEekZic2ZMQTYKWVBnb0FHTTF6QW9TZ2ZHRUYxRXB6WE5ZNFZBaW56T1ZmMCsyMys0TUtkMS92MTFZMmxWNVdKelJ5Mm4zeUJGSApuUVBjR1lrblgzUFpFTVVlZ0VxRDhHdjIrMEE5MUtRamlWa3JFTjgrRER5d00rd0VLUUtDQVFFQS9hZVZpR29yCldxU1VnUmhENkNSOVFqVkNXSzhIRnRlVEtyM1REeng5bkNneDdlR0Uza1VTTnowQnZKR2EwNnBRSWZGNXpIOWUKdDVYaktmQWlJYU5WV0VoVlJKWTlPWHFXZ1U2K21yMDM2cHBvTWVGWkVvOXFTQTZDaXNiMStFRDFsZ3M3dWwvSApBcUJtaExEQ00zdzg3b0pYSjc3cUUranJELzM3cjJOdW0zbHB1bVc0QWZ6d2tDWjRMaXczbmY4TEdoeEdqTnFyCmF6TEtSYXN1MWhNUW1DeVBuMVN6WDlHOHlESjEvMU1vcll4eXpaQlBxYXY3N2FNQVpmM2N6L256VW9HL0pMN1MKWldndEtKcFgreWtiblBsbm1hSGw0Mzl0ZjJCOE93djQ1ZEpHeTJHT1ZYMUduZGhqbnprRUJCWXBMQk9rV25GNQo2R1AyeFpCZVorZlRjd0tDQVFFQTJoc2dQNTBYb2pDMVh1Q1dmSitXU3lKYlpDVEFjSUxHNHl2ZmZscVpvRDFwCmc2WFYzeENQOGpoWldpOHBwaVltalNocUlBcm5zZVFzZ0gzYUJHbmNqNkVmbU0yU0c0NDBCVDV6NnFUWkQxWjYKRGhWTTd3d09RTDZjb0RCLzZ1N3ljN2ZjVWxkdlRIM2owam1ZTmhjelB1dTM3S2VLRmJ2cS9tdWpObzVRZllEcgp1VUpNb2p4LzhwYUt4b25tYUk0bU5KRGtobDR6dkNJbzlScWJvNzF4eGpIL2RvdVNyY01LNUVGbXp4RW1wQkQ2CmdiMkZ6ZWRBcUNjTmxEOVBkN3hJSzMzbGRybmg2SnNrY2ozMlkvd2FQbzFrWVBSelNhSlBnOFJVTGJ0a3pxTEEKNWcwQXZqQlQ4VGRsU0s5N2UyV3dVQm8xK3RhRVhlQVUyNmhyd2ZaRGR3S0NBUUVBK3QwelZxY3FHWXVNRStFYgp5QXZPbGh4MmNaOHBNNzRoSHJSK2VTTXFWN2FwS3N0UHpVUWlyOTcyU0xqNGx6NXA0aWdnZmMrNnJYYmdKQ29LCmw1b2lYaDJydHhtZms2bGFFS2tBZWFtS0U4eUNJRkx1OVJ4QjBPSUkyWmZNektueU9XTUN2MkRhUWc3QlZabzcKZHcvNGN5c1ZaNG01bDlkVUk0emR6cWhZVEF2WU5URkV1ektkK1BNVENSZFNLa0NEaWw5TXB5SGRSemdFTk1NSQpuMUJicVNUcEpudHVxK1dTLzZ4b1p3eW52bnlaVGhUYnRNTVRkZ012OGE4Ukk5L2dka2s3OGV1SHlpTXVCbW9mCmVaYythQkdDRkwrNXpUWEo1YUJYUFU2cDZ5SDhRa2xKcStNcVpCSU85UG8rcm92OFRFdGcwTkpKN3p4dVl4WlYKU0E1UFlRS0NBUUE1UnlScDhGeHppSzBvOUh3dzBFeE5BUUhWUTkyUjdwWkN0SlBsLys4V2FPcGIyMkpXU1dnMApLVjQxMCtyeEtsVzNmbVNZYzZTelVBUHIzcUV4eFlkWjVPdUNXb0pEWUU0RERvcXNsWXczZmZOaDNYQXQyeEduCktTZkMzZG5LSGVSb1JXSEQ4aGhWa3o0UVNIWFR4clg3a1RYbEhYNmpCSTNMTVFOVTRYejc2SzUvSVkwMGtnVGIKOVhNT2ZzcVdyTFlWMmZOWjRrVmQ0KzZ6cDhBMStSdDIvRXhsbW5QejFDUDVHNy9mSTFidGdWUDRYSWhXTWFRRwpSUE5JK25OcE0zWVVqZVNFRUg3bWNrL1kvTExIUVQ2M0xMU3V6YU8xTTc0RUVidzFvbC92OEVnT1lsM09sS3lHCnpaQjR6VFQxakJnSWdVbXB6VXBIeVFCUlMySzVObTR6QW9JQkFRREhPTE5ZTm4yV1k3Rm9HYTFCclRJWE5kdHgKMWR4djdxeWJnNXhYTXBUdWR3N3NGbk9XVk5CdUpSS2JBd2Q4QVZvK3VpdWI5WFFRMVg0ZUJ4eGFmemM4MkpmTAovS1VxblFiOWZtYStFVWNkUGhON0U5anZldnZyMWZOZ1ZUaHYzbHJ5aFFxS2dpTkNaZkZ0VEhFUjFNOTZNNFdJCmFpMkEzcm9VWHhQRlByeTN6UzdneDBkTzBoZVNzR0laeVhkdlVheVlDQTdHeVV5bWZ0MFJKVmpSOFlMV1d1MWYKUDUvMzBDUzM0WmludkQ2dUpUMDlNRGJ6ZUlpRkNmNmN6Nk1vN0NyZ1o2SzJoVGovbjRVb20zWGNaSi9HWVk5Kwp3eUZldEpZb1RDOGdTQTNFcDVJcmd0TVpCSGY5bEtFTEdCYnYvSmZuY2lERGxQam5GaTlFSkZqeHoxQ1EKLS0tLS1FTkQgUlNBIFBSSVZBVEUgS0VZLS0tLS0K\n    token: 1zajdivkaijik3q0i1ltp24aki2d88pf4jespw8w54hlmpe95qlpivrhdw9la26jn95u8e73qmghz2b0sk8964aipachxrnjv6a521kjwcqf020t4hcdcvvhw987uk51\n",
            "kubelet_identity": [
              {
                "client_id": "59d877fe-e287-49ed-995d-f948211f6229",
                "object_id": "0c0dacf2-c472-4b42-97c9-8bdae77aa9e4",
                "user_assigned_identity_id": "/subscriptions/dcef7009-6b94-4382-afdc-17eb160d709a/resourceGroups/MC_rg-spoke-aks-simple_aks-cluster_swedencentral/providers/Microsoft.ManagedIdentity/userAssignedIdentities/aks-cluster-agentpool"
              }
            ],
            "kubernetes_version": "1.32.4",
            "linux_profile": [],
            "local_account_disabled": false,
            "location": "swedencentral",
            "maintenance_window": [],
            "maintenance_window_auto_upgrade": [],
            "maintenance_window_node_os": [],
            "microsoft_defender": [],
            "monitor_metrics": [],
            "name": "aks-cluster",
            "network_profile": [
              {
                "dns_service_ip": "10.128.0.10",
                "ip_versions": [
                  "IPv4"
                ],
                "load_balancer_profile": [
                  {
                    "backend_pool_type": "NodeIPConfiguration",
                    "effective_outbound_ips": [
                      "/subscriptions/dcef7009-6b94-4382-afdc-17eb160d709a/resourceGroups/MC_rg-spoke-aks-simple_aks-cluster_swedencentral/providers/Microsoft.Network/publicIPAddresses/7cf9ac49-2c1b-4c97-b605-64cdd5f0862d"
                    ],
                    "idle_timeout_in_minutes": 0,
                    "managed_outbound_ip_count": 1,
                    "managed_outbound_ipv6_count": 0,
                    "outbound_ip_address_ids": [],
                    "outbound_ip_prefix_ids": [],
                    "outbound_ports_allocated": 0
                  }
                ],
                "load_balancer_sku": "standard",
                "nat_gateway_profile": [],
                "network_data_plane": "cilium",
                "network_mode": "",
                "network_plugin": "azure",
                "network_plugin_mode": "overlay",
                "network_policy": "cilium",
                "outbound_type": "loadBalancer",
                "pod_cidr": "10.10.240.0/20",
                "pod_cidrs": [
                  "10.10.240.0/20"
                ],
                "service_cidr": "10.128.0.0/22",
                "service_cidrs": [
                  "10.128.0.0/22"
                ]
              }
            ],
            "node_os_upgrade_channel": "NodeImage",
            "node_resource_group": "MC_rg-spoke-aks-simple_aks-cluster_swedencentral",
            "node_resource_group_id": "/subscriptions/dcef7009-6b94-4382-afdc-17eb160d709a/resourceGroups/MC_rg-spoke-aks-simple_aks-cluster_swedencentral",
            "oidc_issuer_enabled": false,
            "oidc_issuer_url": "",
            "oms_agent": [],
            "open_service_mesh_enabled": false,
            "portal_fqdn": "aks-xry6dvbc.portal.hcp.swedencentral.azmk8s.io",
            "private_cluster_enabled": false,
            "private_cluster_public_fqdn_enabled": false,
            "private_dns_zone_id": "",
            "private_fqdn": "",
            "resource_group_name": "rg-spoke-aks-simple",
            "role_based_access_control_enabled": false,
            "run_command_enabled": false,
            "service_mesh_profile": [],
            "service_principal": [],
            "sku_tier": "Free",
            "storage_profile": [],
            "support_plan": "KubernetesOfficial",
            "tags": null,
            "timeouts": null,
            "upgrade_override": [],
            "web_app_routing": [],
            "windows_profile": [
              {
                "admin_password": "",
                "admin_username": "azureuser",
                "gmsa": [],
                "license": ""
              }
            ],
            "workload_autoscaler_profile": [],
            "workload_identity_enabled": false
          },
          "sensitive_attributes": [
            [
              {
                "type": "get_attr",
                "value": "kube_admin_config"
              }
            ],
            [
              {
                "type": "get_attr",
                "value": "kube_admin_config_raw"
              }
            ],
            [
              {
                "type": "get_attr",
                "value": "kube_config"
              }
            ],
            [
              {
                "type": "get_attr",
                "value": "kube_config_raw"
              }
            ],
            [
              {
                "type": "get_attr",
                "value": "windows_profile"
              },
              {
                "type": "index",
                "value": {
                  "value": 0,
                  "type": "number"
                }
              },
              {
                "type": "get_attr",
                "value": "admin_password"
              }
            ]
          ],
          "identity_schema_version": 0,
          "private": "eyJlMmJmYjczMC1lY2FhLTExZTYtOGY4OC0zNDM2M2JjN2M0YzAiOnsiY3JlYXRlIjo1NDAwMDAwMDAwMDAwLCJkZWxldGUiOjU0MDAwMDAwMDAwMDAsInJlYWQiOjMwMDAwMDAwMDAwMCwidXBkYXRlIjo1NDAwMDAwMDAwMDAwfSwic2NoZW1hX3ZlcnNpb24iOiIyIn0=",
          "dependencies": [
            "azurerm_resource_group.rg",
            "azurerm_route_table.route_table",
            "azurerm_subnet.snet_aks",
            "azurerm_subnet_route_table_association.association_rt_subnet_aks",
            "azurerm_user_assigned_identity.identity_aks",
            "azurerm_virtual_network.vnet_spoke_aks"
          ]
        }
      ]
    },
    {
      "mode": "managed",
      "type": "azurerm_resource_group",
      "name": "rg",
      "provider": "provider[\"registry.terraform.io/hashicorp/azurerm\"]",
      "instances": [
        {
          "schema_version": 0,
          "attributes": {
            "id": "/subscriptions/dcef7009-6b94-4382-afdc-17eb160d709a/resourceGroups/rg-spoke-aks-simple",
            "location": "swedencentral",
            "managed_by": "",
            "name": "rg-spoke-aks-simple",
            "tags": {},
            "timeouts": null
          },
          "sensitive_attributes": [],
          "identity_schema_version": 0,
          "private": "eyJlMmJmYjczMC1lY2FhLTExZTYtOGY4OC0zNDM2M2JjN2M0YzAiOnsiY3JlYXRlIjo1NDAwMDAwMDAwMDAwLCJkZWxldGUiOjU0MDAwMDAwMDAwMDAsInJlYWQiOjMwMDAwMDAwMDAwMCwidXBkYXRlIjo1NDAwMDAwMDAwMDAwfX0="
        }
      ]
    },
    {
      "mode": "managed",
      "type": "azurerm_role_assignment",
      "name": "role_identity_aks_network_contributor",
      "provider": "provider[\"registry.terraform.io/hashicorp/azurerm\"]",
      "instances": [
        {
          "schema_version": 0,
          "attributes": {
            "condition": "",
            "condition_version": "",
            "delegated_managed_identity_resource_id": "",
            "description": "",
            "id": "/subscriptions/dcef7009-6b94-4382-afdc-17eb160d709a/resourceGroups/rg-spoke-aks-simple/providers/Microsoft.Network/virtualNetworks/vnet-spoke-aks-simple/providers/Microsoft.Authorization/roleAssignments/5b496505-f624-d220-cf62-eaf960bfea16",
            "name": "5b496505-f624-d220-cf62-eaf960bfea16",
            "principal_id": "9ef3c53a-45b9-498c-851c-b3f32ed7c374",
            "principal_type": "ServicePrincipal",
            "role_definition_id": "/subscriptions/dcef7009-6b94-4382-afdc-17eb160d709a/providers/Microsoft.Authorization/roleDefinitions/4d97b98b-1d4f-4787-a291-c67834d212e7",
            "role_definition_name": "Network Contributor",
            "scope": "/subscriptions/dcef7009-6b94-4382-afdc-17eb160d709a/resourceGroups/rg-spoke-aks-simple/providers/Microsoft.Network/virtualNetworks/vnet-spoke-aks-simple",
            "skip_service_principal_aad_check": true,
            "timeouts": null
          },
          "sensitive_attributes": [],
          "identity_schema_version": 0,
          "private": "eyJlMmJmYjczMC1lY2FhLTExZTYtOGY4OC0zNDM2M2JjN2M0YzAiOnsiY3JlYXRlIjoxODAwMDAwMDAwMDAwLCJkZWxldGUiOjE4MDAwMDAwMDAwMDAsInJlYWQiOjMwMDAwMDAwMDAwMH19",
          "dependencies": [
            "azurerm_resource_group.rg",
            "azurerm_user_assigned_identity.identity_aks",
            "azurerm_virtual_network.vnet_spoke_aks"
          ]
        }
      ]
    },
    {
      "mode": "managed",
      "type": "azurerm_route",
      "name": "route_to_firewall",
      "provider": "provider[\"registry.terraform.io/hashicorp/azurerm\"]",
      "instances": [
        {
          "schema_version": 0,
          "attributes": {
            "address_prefix": "0.0.0.0/0",
            "id": "/subscriptions/dcef7009-6b94-4382-afdc-17eb160d709a/resourceGroups/rg-spoke-aks-simple/providers/Microsoft.Network/routeTables/route-table/routes/route-to-firewall",
            "name": "route-to-firewall",
            "next_hop_in_ip_address": "172.16.0.4",
            "next_hop_type": "VirtualAppliance",
            "resource_group_name": "rg-spoke-aks-simple",
            "route_table_name": "route-table",
            "timeouts": null
          },
          "sensitive_attributes": [],
          "identity_schema_version": 0,
          "private": "eyJlMmJmYjczMC1lY2FhLTExZTYtOGY4OC0zNDM2M2JjN2M0YzAiOnsiY3JlYXRlIjoxODAwMDAwMDAwMDAwLCJkZWxldGUiOjE4MDAwMDAwMDAwMDAsInJlYWQiOjMwMDAwMDAwMDAwMCwidXBkYXRlIjoxODAwMDAwMDAwMDAwfX0=",
          "dependencies": [
            "azurerm_resource_group.rg",
            "azurerm_route_table.route_table",
            "data.terraform_remote_state.hub"
          ]
        }
      ]
    },
    {
      "mode": "managed",
      "type": "azurerm_route",
      "name": "route_to_internet",
      "provider": "provider[\"registry.terraform.io/hashicorp/azurerm\"]",
      "instances": [
        {
          "schema_version": 0,
          "attributes": {
            "address_prefix": "172.160.224.70/32",
            "id": "/subscriptions/dcef7009-6b94-4382-afdc-17eb160d709a/resourceGroups/rg-spoke-aks-simple/providers/Microsoft.Network/routeTables/route-table/routes/route-to-internet",
            "name": "route-to-internet",
            "next_hop_in_ip_address": "",
            "next_hop_type": "Internet",
            "resource_group_name": "rg-spoke-aks-simple",
            "route_table_name": "route-table",
            "timeouts": null
          },
          "sensitive_attributes": [],
          "identity_schema_version": 0,
          "private": "eyJlMmJmYjczMC1lY2FhLTExZTYtOGY4OC0zNDM2M2JjN2M0YzAiOnsiY3JlYXRlIjoxODAwMDAwMDAwMDAwLCJkZWxldGUiOjE4MDAwMDAwMDAwMDAsInJlYWQiOjMwMDAwMDAwMDAwMCwidXBkYXRlIjoxODAwMDAwMDAwMDAwfX0=",
          "dependencies": [
            "azurerm_resource_group.rg",
            "azurerm_route_table.route_table",
            "data.terraform_remote_state.hub"
          ]
        }
      ]
    },
    {
      "mode": "managed",
      "type": "azurerm_route_table",
      "name": "route_table",
      "provider": "provider[\"registry.terraform.io/hashicorp/azurerm\"]",
      "instances": [
        {
          "schema_version": 0,
          "attributes": {
            "bgp_route_propagation_enabled": true,
            "id": "/subscriptions/dcef7009-6b94-4382-afdc-17eb160d709a/resourceGroups/rg-spoke-aks-simple/providers/Microsoft.Network/routeTables/route-table",
            "location": "swedencentral",
            "name": "route-table",
            "resource_group_name": "rg-spoke-aks-simple",
            "route": [
              {
                "address_prefix": "0.0.0.0/0",
                "name": "route-to-firewall",
                "next_hop_in_ip_address": "172.16.0.4",
                "next_hop_type": "VirtualAppliance"
              },
              {
                "address_prefix": "172.160.224.70/32",
                "name": "route-to-internet",
                "next_hop_in_ip_address": "",
                "next_hop_type": "Internet"
              }
            ],
            "subnets": [
              "/subscriptions/dcef7009-6b94-4382-afdc-17eb160d709a/resourceGroups/rg-spoke-aks-simple/providers/Microsoft.Network/virtualNetworks/vnet-spoke-aks-simple/subnets/snet-aks"
            ],
            "tags": {},
            "timeouts": null
          },
          "sensitive_attributes": [],
          "identity_schema_version": 0,
          "private": "eyJlMmJmYjczMC1lY2FhLTExZTYtOGY4OC0zNDM2M2JjN2M0YzAiOnsiY3JlYXRlIjoxODAwMDAwMDAwMDAwLCJkZWxldGUiOjE4MDAwMDAwMDAwMDAsInJlYWQiOjMwMDAwMDAwMDAwMCwidXBkYXRlIjoxODAwMDAwMDAwMDAwfX0=",
          "dependencies": [
            "azurerm_resource_group.rg"
          ]
        }
      ]
    },
    {
      "mode": "managed",
      "type": "azurerm_subnet",
      "name": "snet_aks",
      "provider": "provider[\"registry.terraform.io/hashicorp/azurerm\"]",
      "instances": [
        {
          "schema_version": 0,
          "attributes": {
            "address_prefixes": [
              "10.1.1.0/24"
            ],
            "default_outbound_access_enabled": true,
            "delegation": [],
            "id": "/subscriptions/dcef7009-6b94-4382-afdc-17eb160d709a/resourceGroups/rg-spoke-aks-simple/providers/Microsoft.Network/virtualNetworks/vnet-spoke-aks-simple/subnets/snet-aks",
            "name": "snet-aks",
            "private_endpoint_network_policies": "Disabled",
            "private_link_service_network_policies_enabled": true,
            "resource_group_name": "rg-spoke-aks-simple",
            "service_endpoint_policy_ids": [],
            "service_endpoints": [],
            "timeouts": null,
            "virtual_network_name": "vnet-spoke-aks-simple"
          },
          "sensitive_attributes": [],
          "identity_schema_version": 0,
          "private": "eyJlMmJmYjczMC1lY2FhLTExZTYtOGY4OC0zNDM2M2JjN2M0YzAiOnsiY3JlYXRlIjoxODAwMDAwMDAwMDAwLCJkZWxldGUiOjE4MDAwMDAwMDAwMDAsInJlYWQiOjMwMDAwMDAwMDAwMCwidXBkYXRlIjoxODAwMDAwMDAwMDAwfX0=",
          "dependencies": [
            "azurerm_resource_group.rg",
            "azurerm_virtual_network.vnet_spoke_aks"
          ]
        }
      ]
    },
    {
      "mode": "managed",
      "type": "azurerm_subnet_route_table_association",
      "name": "association_rt_subnet_aks",
      "provider": "provider[\"registry.terraform.io/hashicorp/azurerm\"]",
      "instances": [
        {
          "schema_version": 0,
          "attributes": {
            "id": "/subscriptions/dcef7009-6b94-4382-afdc-17eb160d709a/resourceGroups/rg-spoke-aks-simple/providers/Microsoft.Network/virtualNetworks/vnet-spoke-aks-simple/subnets/snet-aks",
            "route_table_id": "/subscriptions/dcef7009-6b94-4382-afdc-17eb160d709a/resourceGroups/rg-spoke-aks-simple/providers/Microsoft.Network/routeTables/route-table",
            "subnet_id": "/subscriptions/dcef7009-6b94-4382-afdc-17eb160d709a/resourceGroups/rg-spoke-aks-simple/providers/Microsoft.Network/virtualNetworks/vnet-spoke-aks-simple/subnets/snet-aks",
            "timeouts": null
          },
          "sensitive_attributes": [],
          "identity_schema_version": 0,
          "private": "eyJlMmJmYjczMC1lY2FhLTExZTYtOGY4OC0zNDM2M2JjN2M0YzAiOnsiY3JlYXRlIjoxODAwMDAwMDAwMDAwLCJkZWxldGUiOjE4MDAwMDAwMDAwMDAsInJlYWQiOjMwMDAwMDAwMDAwMH19",
          "dependencies": [
            "azurerm_resource_group.rg",
            "azurerm_route_table.route_table",
            "azurerm_subnet.snet_aks",
            "azurerm_virtual_network.vnet_spoke_aks"
          ]
        }
      ]
    },
    {
      "mode": "managed",
      "type": "azurerm_user_assigned_identity",
      "name": "identity_aks",
      "provider": "provider[\"registry.terraform.io/hashicorp/azurerm\"]",
      "instances": [
        {
          "schema_version": 1,
          "attributes": {
            "client_id": "5215b065-20ef-4633-98d1-ff4e2aa7849c",
            "id": "/subscriptions/dcef7009-6b94-4382-afdc-17eb160d709a/resourceGroups/rg-spoke-aks-simple/providers/Microsoft.ManagedIdentity/userAssignedIdentities/identity-aks",
            "location": "swedencentral",
            "name": "identity-aks",
            "principal_id": "9ef3c53a-45b9-498c-851c-b3f32ed7c374",
            "resource_group_name": "rg-spoke-aks-simple",
            "tags": null,
            "tenant_id": "93139d1e-a3c1-4d78-9ed5-878be090eba4",
            "timeouts": null
          },
          "sensitive_attributes": [],
          "identity_schema_version": 0,
          "private": "eyJlMmJmYjczMC1lY2FhLTExZTYtOGY4OC0zNDM2M2JjN2M0YzAiOnsiY3JlYXRlIjoxODAwMDAwMDAwMDAwLCJkZWxldGUiOjE4MDAwMDAwMDAwMDAsInJlYWQiOjMwMDAwMDAwMDAwMCwidXBkYXRlIjoxODAwMDAwMDAwMDAwfSwic2NoZW1hX3ZlcnNpb24iOiIxIn0=",
          "dependencies": [
            "azurerm_resource_group.rg"
          ]
        }
      ]
    },
    {
      "mode": "managed",
      "type": "azurerm_virtual_network",
      "name": "vnet_spoke_aks",
      "provider": "provider[\"registry.terraform.io/hashicorp/azurerm\"]",
      "instances": [
        {
          "schema_version": 0,
          "attributes": {
            "address_space": [
              "10.1.0.0/16"
            ],
            "bgp_community": "",
            "ddos_protection_plan": [],
            "dns_servers": [],
            "edge_zone": "",
            "encryption": [],
            "flow_timeout_in_minutes": 0,
            "guid": "a86070d4-4d3f-4c50-a2a7-d3c908f125f8",
            "id": "/subscriptions/dcef7009-6b94-4382-afdc-17eb160d709a/resourceGroups/rg-spoke-aks-simple/providers/Microsoft.Network/virtualNetworks/vnet-spoke-aks-simple",
            "ip_address_pool": [],
            "location": "swedencentral",
            "name": "vnet-spoke-aks-simple",
            "private_endpoint_vnet_policies": "Disabled",
            "resource_group_name": "rg-spoke-aks-simple",
            "subnet": [
              {
                "address_prefixes": [
                  "10.1.1.0/24"
                ],
                "default_outbound_access_enabled": true,
                "delegation": [],
                "id": "/subscriptions/dcef7009-6b94-4382-afdc-17eb160d709a/resourceGroups/rg-spoke-aks-simple/providers/Microsoft.Network/virtualNetworks/vnet-spoke-aks-simple/subnets/snet-aks",
                "name": "snet-aks",
                "private_endpoint_network_policies": "Disabled",
                "private_link_service_network_policies_enabled": true,
                "route_table_id": "/subscriptions/dcef7009-6b94-4382-afdc-17eb160d709a/resourceGroups/rg-spoke-aks-simple/providers/Microsoft.Network/routeTables/route-table",
                "security_group": "",
                "service_endpoint_policy_ids": [],
                "service_endpoints": []
              }
            ],
            "tags": {},
            "timeouts": null
          },
          "sensitive_attributes": [],
          "identity_schema_version": 0,
          "private": "eyJlMmJmYjczMC1lY2FhLTExZTYtOGY4OC0zNDM2M2JjN2M0YzAiOnsiY3JlYXRlIjoxODAwMDAwMDAwMDAwLCJkZWxldGUiOjE4MDAwMDAwMDAwMDAsInJlYWQiOjMwMDAwMDAwMDAwMCwidXBkYXRlIjoxODAwMDAwMDAwMDAwfX0=",
          "dependencies": [
            "azurerm_resource_group.rg"
          ]
        }
      ]
    },
    {
      "mode": "managed",
      "type": "terraform_data",
      "name": "aks-get-credentials",
      "provider": "provider[\"terraform.io/builtin/terraform\"]",
      "instances": [
        {
          "schema_version": 0,
          "attributes": {
            "id": "8c9170d6-e445-ce49-66f7-693c5d9e90b5",
            "input": null,
            "output": null,
            "triggers_replace": {
              "value": [
                "/subscriptions/dcef7009-6b94-4382-afdc-17eb160d709a/resourceGroups/rg-spoke-aks-simple/providers/Microsoft.ContainerService/managedClusters/aks-cluster"
              ],
              "type": [
                "tuple",
                [
                  "string"
                ]
              ]
            }
          },
          "sensitive_attributes": [],
          "identity_schema_version": 0,
          "dependencies": [
            "azurerm_kubernetes_cluster.aks",
            "azurerm_resource_group.rg",
            "azurerm_route_table.route_table",
            "azurerm_subnet.snet_aks",
            "azurerm_subnet_route_table_association.association_rt_subnet_aks",
            "azurerm_user_assigned_identity.identity_aks",
            "azurerm_virtual_network.vnet_spoke_aks"
          ]
        }
      ]
    },
    {
      "module": "module.virtual_network_peering_hub_and_spoke_aks",
      "mode": "managed",
      "type": "azurerm_virtual_network_peering",
      "name": "vnet_peering_hub_to_spoke",
      "provider": "provider[\"registry.terraform.io/hashicorp/azurerm\"]",
      "instances": [
        {
          "schema_version": 0,
          "attributes": {
            "allow_forwarded_traffic": true,
            "allow_gateway_transit": false,
            "allow_virtual_network_access": true,
            "id": "/subscriptions/dcef7009-6b94-4382-afdc-17eb160d709a/resourceGroups/rg-hub/providers/Microsoft.Network/virtualNetworks/vnet-hub/virtualNetworkPeerings/vnet_peering_hub_to_vnet-spoke-aks-simple",
            "local_subnet_names": [],
            "name": "vnet_peering_hub_to_vnet-spoke-aks-simple",
            "only_ipv6_peering_enabled": false,
            "peer_complete_virtual_networks_enabled": true,
            "remote_subnet_names": [],
            "remote_virtual_network_id": "/subscriptions/dcef7009-6b94-4382-afdc-17eb160d709a/resourceGroups/rg-spoke-aks-simple/providers/Microsoft.Network/virtualNetworks/vnet-spoke-aks-simple",
            "resource_group_name": "rg-hub",
            "timeouts": null,
            "triggers": null,
            "use_remote_gateways": false,
            "virtual_network_name": "vnet-hub"
          },
          "sensitive_attributes": [],
          "identity_schema_version": 0,
          "private": "eyJlMmJmYjczMC1lY2FhLTExZTYtOGY4OC0zNDM2M2JjN2M0YzAiOnsiY3JlYXRlIjoxODAwMDAwMDAwMDAwLCJkZWxldGUiOjE4MDAwMDAwMDAwMDAsInJlYWQiOjMwMDAwMDAwMDAwMCwidXBkYXRlIjoxODAwMDAwMDAwMDAwfX0=",
          "dependencies": [
            "azurerm_resource_group.rg",
            "azurerm_virtual_network.vnet_spoke_aks",
            "data.terraform_remote_state.hub"
          ]
        }
      ]
    },
    {
      "module": "module.virtual_network_peering_hub_and_spoke_aks",
      "mode": "managed",
      "type": "azurerm_virtual_network_peering",
      "name": "vnet_peering_spoke_to_hub",
      "provider": "provider[\"registry.terraform.io/hashicorp/azurerm\"]",
      "instances": [
        {
          "schema_version": 0,
          "attributes": {
            "allow_forwarded_traffic": true,
            "allow_gateway_transit": false,
            "allow_virtual_network_access": true,
            "id": "/subscriptions/dcef7009-6b94-4382-afdc-17eb160d709a/resourceGroups/rg-spoke-aks-simple/providers/Microsoft.Network/virtualNetworks/vnet-spoke-aks-simple/virtualNetworkPeerings/vnet_peering_vnet-spoke-aks-simple_to_hub",
            "local_subnet_names": [],
            "name": "vnet_peering_vnet-spoke-aks-simple_to_hub",
            "only_ipv6_peering_enabled": false,
            "peer_complete_virtual_networks_enabled": true,
            "remote_subnet_names": [],
            "remote_virtual_network_id": "/subscriptions/dcef7009-6b94-4382-afdc-17eb160d709a/resourceGroups/rg-hub/providers/Microsoft.Network/virtualNetworks/vnet-hub",
            "resource_group_name": "rg-spoke-aks-simple",
            "timeouts": null,
            "triggers": null,
            "use_remote_gateways": false,
            "virtual_network_name": "vnet-spoke-aks-simple"
          },
          "sensitive_attributes": [],
          "identity_schema_version": 0,
          "private": "eyJlMmJmYjczMC1lY2FhLTExZTYtOGY4OC0zNDM2M2JjN2M0YzAiOnsiY3JlYXRlIjoxODAwMDAwMDAwMDAwLCJkZWxldGUiOjE4MDAwMDAwMDAwMDAsInJlYWQiOjMwMDAwMDAwMDAwMCwidXBkYXRlIjoxODAwMDAwMDAwMDAwfX0=",
          "dependencies": [
            "azurerm_resource_group.rg",
            "azurerm_virtual_network.vnet_spoke_aks",
            "data.terraform_remote_state.hub"
          ]
        }
      ]
    },
    {
      "module": "module.vm_jumpbox_linux",
      "mode": "managed",
      "type": "azurerm_linux_virtual_machine",
      "name": "vm",
      "provider": "provider[\"registry.terraform.io/hashicorp/azurerm\"]",
      "instances": [
        {
          "schema_version": 0,
          "attributes": {
            "additional_capabilities": [],
            "admin_password": "@Aa123456789",
            "admin_ssh_key": [],
            "admin_username": "azureuser",
            "allow_extension_operations": true,
            "availability_set_id": "",
            "boot_diagnostics": [
              {
                "storage_account_uri": ""
              }
            ],
            "bypass_platform_safety_checks_on_user_schedule_enabled": false,
            "capacity_reservation_group_id": "",
            "computer_name": "vm-jumpbox-linux",
            "custom_data": null,
            "dedicated_host_group_id": "",
            "dedicated_host_id": "",
            "disable_password_authentication": false,
            "disk_controller_type": "SCSI",
            "edge_zone": "",
            "encryption_at_host_enabled": false,
            "eviction_policy": "Deallocate",
            "extensions_time_budget": "PT1H30M",
            "gallery_application": [],
            "id": "/subscriptions/dcef7009-6b94-4382-afdc-17eb160d709a/resourceGroups/rg-spoke-aks-vm-linux/providers/Microsoft.Compute/virtualMachines/vm-jumpbox-linux",
            "identity": [
              {
                "identity_ids": [
                  "/subscriptions/dcef7009-6b94-4382-afdc-17eb160d709a/resourceGroups/rg-spoke-aks-vm-linux/providers/Microsoft.ManagedIdentity/userAssignedIdentities/identity-vm"
                ],
                "principal_id": "",
                "tenant_id": "",
                "type": "UserAssigned"
              }
            ],
            "license_type": "",
            "location": "swedencentral",
            "max_bid_price": -1,
            "name": "vm-jumpbox-linux",
            "network_interface_ids": [
              "/subscriptions/dcef7009-6b94-4382-afdc-17eb160d709a/resourceGroups/rg-spoke-aks-vm-linux/providers/Microsoft.Network/networkInterfaces/nic-vm"
            ],
            "os_disk": [
              {
                "caching": "ReadWrite",
                "diff_disk_settings": [],
                "disk_encryption_set_id": "",
                "disk_size_gb": 30,
                "id": "/subscriptions/dcef7009-6b94-4382-afdc-17eb160d709a/resourceGroups/rg-spoke-aks-vm-linux/providers/Microsoft.Compute/disks/disk-osvm-jumpbox-linux",
                "name": "disk-osvm-jumpbox-linux",
                "secure_vm_disk_encryption_set_id": "",
                "security_encryption_type": "",
                "storage_account_type": "Standard_LRS",
                "write_accelerator_enabled": false
              }
            ],
            "os_image_notification": [],
            "patch_assessment_mode": "ImageDefault",
            "patch_mode": "ImageDefault",
            "plan": [],
            "platform_fault_domain": -1,
            "priority": "Spot",
            "private_ip_address": "10.1.1.6",
            "private_ip_addresses": [
              "10.1.1.6"
            ],
            "provision_vm_agent": true,
            "proximity_placement_group_id": "",
            "public_ip_address": "",
            "public_ip_addresses": [],
            "reboot_setting": "",
            "resource_group_name": "rg-spoke-aks-vm-linux",
            "secret": [],
            "secure_boot_enabled": false,
            "size": "Standard_D2ads_v5",
            "source_image_id": "",
            "source_image_reference": [
              {
                "offer": "ubuntu-25_04",
                "publisher": "canonical",
                "sku": "minimal",
                "version": "latest"
              }
            ],
            "tags": {},
            "termination_notification": [],
            "timeouts": null,
            "user_data": "",
            "virtual_machine_id": "2d564b4d-d813-48ce-be82-1f876ccf1dbe",
            "virtual_machine_scale_set_id": "",
            "vm_agent_platform_updates_enabled": false,
            "vtpm_enabled": false,
            "zone": ""
          },
          "sensitive_attributes": [
            [
              {
                "type": "get_attr",
                "value": "admin_password"
              }
            ],
            [
              {
                "type": "get_attr",
                "value": "custom_data"
              }
            ]
          ],
          "identity_schema_version": 0,
          "private": "eyJlMmJmYjczMC1lY2FhLTExZTYtOGY4OC0zNDM2M2JjN2M0YzAiOnsiY3JlYXRlIjoyNzAwMDAwMDAwMDAwLCJkZWxldGUiOjI3MDAwMDAwMDAwMDAsInJlYWQiOjMwMDAwMDAwMDAwMCwidXBkYXRlIjoyNzAwMDAwMDAwMDAwfX0=",
          "dependencies": [
            "azurerm_resource_group.rg",
            "azurerm_subnet.snet_aks",
            "azurerm_virtual_network.vnet_spoke_aks",
            "module.vm_jumpbox_linux.azurerm_network_interface.nic_vm",
            "module.vm_jumpbox_linux.azurerm_public_ip.pip_vm",
            "module.vm_jumpbox_linux.azurerm_resource_group.rg",
            "module.vm_jumpbox_linux.azurerm_user_assigned_identity.identity_vm"
          ]
        }
      ]
    },
    {
      "module": "module.vm_jumpbox_linux",
      "mode": "managed",
      "type": "azurerm_network_interface",
      "name": "nic_vm",
      "provider": "provider[\"registry.terraform.io/hashicorp/azurerm\"]",
      "instances": [
        {
          "schema_version": 0,
          "attributes": {
            "accelerated_networking_enabled": false,
            "applied_dns_servers": [],
            "auxiliary_mode": "",
            "auxiliary_sku": "",
            "dns_servers": [],
            "edge_zone": "",
            "id": "/subscriptions/dcef7009-6b94-4382-afdc-17eb160d709a/resourceGroups/rg-spoke-aks-vm-linux/providers/Microsoft.Network/networkInterfaces/nic-vm",
            "internal_dns_name_label": "",
            "internal_domain_name_suffix": "0rygbkb5jviezivh0peqr2jf5a.gvxx.internal.cloudapp.net",
            "ip_configuration": [
              {
                "gateway_load_balancer_frontend_ip_configuration_id": "",
                "name": "internal",
                "primary": true,
                "private_ip_address": "10.1.1.6",
                "private_ip_address_allocation": "Dynamic",
                "private_ip_address_version": "IPv4",
                "public_ip_address_id": "",
                "subnet_id": "/subscriptions/dcef7009-6b94-4382-afdc-17eb160d709a/resourceGroups/rg-spoke-aks-simple/providers/Microsoft.Network/virtualNetworks/vnet-spoke-aks-simple/subnets/snet-aks"
              }
            ],
            "ip_forwarding_enabled": false,
            "location": "swedencentral",
            "mac_address": "7C-ED-8D-25-71-6A",
            "name": "nic-vm",
            "private_ip_address": "10.1.1.6",
            "private_ip_addresses": [
              "10.1.1.6"
            ],
            "resource_group_name": "rg-spoke-aks-vm-linux",
            "tags": {},
            "timeouts": null,
            "virtual_machine_id": "/subscriptions/dcef7009-6b94-4382-afdc-17eb160d709a/resourceGroups/rg-spoke-aks-vm-linux/providers/Microsoft.Compute/virtualMachines/vm-jumpbox-linux"
          },
          "sensitive_attributes": [],
          "identity_schema_version": 0,
          "private": "eyJlMmJmYjczMC1lY2FhLTExZTYtOGY4OC0zNDM2M2JjN2M0YzAiOnsiY3JlYXRlIjoxODAwMDAwMDAwMDAwLCJkZWxldGUiOjE4MDAwMDAwMDAwMDAsInJlYWQiOjMwMDAwMDAwMDAwMCwidXBkYXRlIjoxODAwMDAwMDAwMDAwfX0=",
          "dependencies": [
            "azurerm_resource_group.rg",
            "azurerm_subnet.snet_aks",
            "azurerm_virtual_network.vnet_spoke_aks",
            "module.vm_jumpbox_linux.azurerm_public_ip.pip_vm",
            "module.vm_jumpbox_linux.azurerm_resource_group.rg"
          ]
        }
      ]
    },
    {
      "module": "module.vm_jumpbox_linux",
      "mode": "managed",
      "type": "azurerm_public_ip",
      "name": "pip_vm",
      "provider": "provider[\"registry.terraform.io/hashicorp/azurerm\"]",
      "instances": []
    },
    {
      "module": "module.vm_jumpbox_linux",
      "mode": "managed",
      "type": "azurerm_resource_group",
      "name": "rg",
      "provider": "provider[\"registry.terraform.io/hashicorp/azurerm\"]",
      "instances": [
        {
          "schema_version": 0,
          "attributes": {
            "id": "/subscriptions/dcef7009-6b94-4382-afdc-17eb160d709a/resourceGroups/rg-spoke-aks-vm-linux",
            "location": "swedencentral",
            "managed_by": "",
            "name": "rg-spoke-aks-vm-linux",
            "tags": {},
            "timeouts": null
          },
          "sensitive_attributes": [],
          "identity_schema_version": 0,
          "private": "eyJlMmJmYjczMC1lY2FhLTExZTYtOGY4OC0zNDM2M2JjN2M0YzAiOnsiY3JlYXRlIjo1NDAwMDAwMDAwMDAwLCJkZWxldGUiOjU0MDAwMDAwMDAwMDAsInJlYWQiOjMwMDAwMDAwMDAwMCwidXBkYXRlIjo1NDAwMDAwMDAwMDAwfX0=",
          "dependencies": [
            "azurerm_resource_group.rg"
          ]
        }
      ]
    },
    {
      "module": "module.vm_jumpbox_linux",
      "mode": "managed",
      "type": "azurerm_role_assignment",
      "name": "role_contributor",
      "provider": "provider[\"registry.terraform.io/hashicorp/azurerm\"]",
      "instances": [
        {
          "schema_version": 0,
          "attributes": {
            "condition": "",
            "condition_version": "",
            "delegated_managed_identity_resource_id": "",
            "description": "",
            "id": "/subscriptions/dcef7009-6b94-4382-afdc-17eb160d709a/providers/Microsoft.Authorization/roleAssignments/3c3f2c9d-ccd1-9221-c493-37973b76faae",
            "name": "3c3f2c9d-ccd1-9221-c493-37973b76faae",
            "principal_id": "4562c3df-1814-4c94-9f47-96accca22354",
            "principal_type": "ServicePrincipal",
            "role_definition_id": "/subscriptions/dcef7009-6b94-4382-afdc-17eb160d709a/providers/Microsoft.Authorization/roleDefinitions/b24988ac-6180-42a0-ab88-20f7382dd24c",
            "role_definition_name": "Contributor",
            "scope": "/subscriptions/dcef7009-6b94-4382-afdc-17eb160d709a",
            "skip_service_principal_aad_check": true,
            "timeouts": null
          },
          "sensitive_attributes": [],
          "identity_schema_version": 0,
          "private": "eyJlMmJmYjczMC1lY2FhLTExZTYtOGY4OC0zNDM2M2JjN2M0YzAiOnsiY3JlYXRlIjoxODAwMDAwMDAwMDAwLCJkZWxldGUiOjE4MDAwMDAwMDAwMDAsInJlYWQiOjMwMDAwMDAwMDAwMH19",
          "dependencies": [
            "azurerm_resource_group.rg",
            "data.azurerm_subscription.subscription_spoke",
            "module.vm_jumpbox_linux.azurerm_resource_group.rg",
            "module.vm_jumpbox_linux.azurerm_user_assigned_identity.identity_vm"
          ]
        }
      ]
    },
    {
      "module": "module.vm_jumpbox_linux",
      "mode": "managed",
      "type": "azurerm_user_assigned_identity",
      "name": "identity_vm",
      "provider": "provider[\"registry.terraform.io/hashicorp/azurerm\"]",
      "instances": [
        {
          "schema_version": 1,
          "attributes": {
            "client_id": "ea5023b0-b8aa-4210-878d-f1f930614eb6",
            "id": "/subscriptions/dcef7009-6b94-4382-afdc-17eb160d709a/resourceGroups/rg-spoke-aks-vm-linux/providers/Microsoft.ManagedIdentity/userAssignedIdentities/identity-vm",
            "location": "swedencentral",
            "name": "identity-vm",
            "principal_id": "4562c3df-1814-4c94-9f47-96accca22354",
            "resource_group_name": "rg-spoke-aks-vm-linux",
            "tags": {},
            "tenant_id": "93139d1e-a3c1-4d78-9ed5-878be090eba4",
            "timeouts": null
          },
          "sensitive_attributes": [],
          "identity_schema_version": 0,
          "private": "eyJlMmJmYjczMC1lY2FhLTExZTYtOGY4OC0zNDM2M2JjN2M0YzAiOnsiY3JlYXRlIjoxODAwMDAwMDAwMDAwLCJkZWxldGUiOjE4MDAwMDAwMDAwMDAsInJlYWQiOjMwMDAwMDAwMDAwMCwidXBkYXRlIjoxODAwMDAwMDAwMDAwfSwic2NoZW1hX3ZlcnNpb24iOiIxIn0=",
          "dependencies": [
            "azurerm_resource_group.rg",
            "module.vm_jumpbox_linux.azurerm_resource_group.rg"
          ]
        }
      ]
    }
  ],
  "check_results": null
}
