{
  "version": 4,
  "terraform_version": "1.12.0",
  "serial": 17,
  "lineage": "841a0317-3b3c-591e-3b4b-a9637fa4326e",
  "outputs": {},
  "resources": [
    {
      "mode": "data",
      "type": "terraform_remote_state",
      "name": "hub",
      "provider": "provider[\"terraform.io/builtin/terraform\"]",
      "instances": [
        {
          "schema_version": 0,
          "attributes": {
            "backend": "local",
            "config": {
              "value": {
                "path": "../01_hub/terraform.tfstate"
              },
              "type": [
                "object",
                {
                  "path": "string"
                }
              ]
            },
            "defaults": null,
            "outputs": {
              "value": {
                "firewall": {
                  "enabled": true,
                  "policy_id": "/subscriptions/dcef7009-6b94-4382-afdc-17eb160d709a/resourceGroups/rg-hub/providers/Microsoft.Network/firewallPolicies/firewall-policy",
                  "private_ip": "172.16.0.4",
                  "public_ip": "9.223.177.58"
                },
                "log_analytics_workspace": {
                  "id": "/subscriptions/dcef7009-6b94-4382-afdc-17eb160d709a/resourceGroups/rg-hub/providers/Microsoft.OperationalInsights/workspaces/log-analytics",
                  "location": "swedencentral",
                  "workspace_id": "e9871c40-ebb3-4e9f-9763-83a2ab586a91"
                },
                "vnet_hub": {
                  "id": "/subscriptions/dcef7009-6b94-4382-afdc-17eb160d709a/resourceGroups/rg-hub/providers/Microsoft.Network/virtualNetworks/vnet-hub"
                }
              },
              "type": [
                "object",
                {
                  "firewall": [
                    "object",
                    {
                      "enabled": "bool",
                      "policy_id": "string",
                      "private_ip": "string",
                      "public_ip": "string"
                    }
                  ],
                  "log_analytics_workspace": [
                    "object",
                    {
                      "id": "string",
                      "location": "string",
                      "workspace_id": "string"
                    }
                  ],
                  "vnet_hub": [
                    "object",
                    {
                      "id": "string"
                    }
                  ]
                }
              ]
            },
            "workspace": null
          },
          "sensitive_attributes": [],
          "identity_schema_version": 0
        }
      ]
    },
    {
      "mode": "managed",
      "type": "azapi_resource",
      "name": "aks",
      "provider": "provider[\"registry.terraform.io/azure/azapi\"]",
      "instances": [
        {
          "schema_version": 2,
          "attributes": {
            "body": {
              "value": {
                "kind": "Base",
                "properties": {
                  "agentPoolProfiles": [
                    {
                      "availabilityZones": [
                        "2",
                        "3",
                        "1"
                      ],
                      "count": 2,
                      "enableAutoScaling": true,
                      "enableEncryptionAtHost": false,
                      "enableFIPS": false,
                      "enableNodePublicIP": false,
                      "enableUltraSSD": false,
                      "kubeletDiskType": "OS",
                      "maxCount": 3,
                      "maxPods": 110,
                      "minCount": 1,
                      "mode": "System",
                      "name": "systempool",
                      "orchestratorVersion": "1.32.4",
                      "osDiskSizeGB": 40,
                      "osDiskType": "Ephemeral",
                      "osSKU": "Ubuntu",
                      "osType": "Linux",
                      "scaleDownMode": "Delete",
                      "upgradeSettings": {
                        "maxSurge": "10%",
                        "maxUnavailable": "0"
                      },
                      "vmSize": "Standard_D2ads_v5",
                      "vnetSubnetID": "/subscriptions/dcef7009-6b94-4382-afdc-17eb160d709a/resourceGroups/rg-spoke-aks-simple/providers/Microsoft.Network/virtualNetworks/vnet-spoke-aks-simple/subnets/snet-aks",
                      "workloadRuntime": "OCIContainer"
                    }
                  ],
                  "apiServerAccessProfile": {
                    "disableRunCommand": true,
                    "enablePrivateCluster": false,
                    "enableVnetIntegration": true,
                    "subnetId": "/subscriptions/dcef7009-6b94-4382-afdc-17eb160d709a/resourceGroups/rg-spoke-aks-simple/providers/Microsoft.Network/virtualNetworks/vnet-spoke-aks-simple/subnets/snet-aks-apiserver"
                  },
                  "autoScalerProfile": {
                    "balance-similar-node-groups": "false",
                    "daemonset-eviction-for-empty-nodes": false,
                    "daemonset-eviction-for-occupied-nodes": true,
                    "expander": "random",
                    "ignore-daemonsets-utilization": false,
                    "max-empty-bulk-delete": "10",
                    "max-graceful-termination-sec": "600",
                    "max-node-provision-time": "15m",
                    "max-total-unready-percentage": "45",
                    "new-pod-scale-up-delay": "0s",
                    "ok-total-unready-count": "3",
                    "scale-down-delay-after-add": "10m",
                    "scale-down-delay-after-delete": "10s",
                    "scale-down-delay-after-failure": "3m",
                    "scale-down-unneeded-time": "10m",
                    "scale-down-unready-time": "20m",
                    "scale-down-utilization-threshold": "0.5",
                    "scan-interval": "10s",
                    "skip-nodes-with-local-storage": "false",
                    "skip-nodes-with-system-pods": "true"
                  },
                  "autoUpgradeProfile": {
                    "nodeOSUpgradeChannel": "NodeImage",
                    "upgradeChannel": "node-image"
                  },
                  "azureMonitorProfile": {
                    "metrics": {
                      "enabled": false,
                      "kubeStateMetrics": {}
                    }
                  },
                  "bootstrapProfile": {
                    "artifactSource": "Direct"
                  },
                  "disableLocalAccounts": false,
                  "dnsPrefix": "aks",
                  "enableRBAC": false,
                  "kubernetesVersion": "1.32.4",
                  "metricsProfile": {
                    "costAnalysis": {
                      "enabled": false
                    }
                  },
                  "networkProfile": {
                    "dnsServiceIP": "10.128.0.10",
                    "ipFamilies": [
                      "IPv4"
                    ],
                    "kubeProxyConfig": {},
                    "loadBalancerProfile": {
                      "backendPoolType": "nodeIPConfiguration",
                      "managedOutboundIPs": {
                        "count": 1
                      }
                    },
                    "loadBalancerSku": "standard",
                    "networkDataplane": "cilium",
                    "networkPlugin": "azure",
                    "networkPluginMode": "overlay",
                    "networkPolicy": "cilium",
                    "outboundType": "loadBalancer",
                    "podCidr": "10.10.240.0/20",
                    "podCidrs": [
                      "10.10.240.0/20"
                    ],
                    "podLinkLocalAccess": "IMDS",
                    "serviceCidr": "10.128.0.0/22",
                    "serviceCidrs": [
                      "10.128.0.0/22"
                    ]
                  },
                  "oidcIssuerProfile": {
                    "enabled": false
                  },
                  "securityProfile": {},
                  "servicePrincipalProfile": {
                    "clientId": "msi"
                  },
                  "storageProfile": {
                    "diskCSIDriver": {
                      "enabled": true,
                      "version": "v1"
                    },
                    "fileCSIDriver": {
                      "enabled": true
                    },
                    "snapshotController": {
                      "enabled": true
                    }
                  },
                  "supportPlan": "KubernetesOfficial",
                  "workloadAutoScalerProfile": {}
                },
                "sku": {
                  "name": "Base",
                  "tier": "Free"
                }
              },
              "type": [
                "object",
                {
                  "kind": "string",
                  "properties": [
                    "object",
                    {
                      "agentPoolProfiles": [
                        "tuple",
                        [
                          [
                            "object",
                            {
                              "availabilityZones": [
                                "tuple",
                                [
                                  "string",
                                  "string",
                                  "string"
                                ]
                              ],
                              "count": "number",
                              "enableAutoScaling": "bool",
                              "enableEncryptionAtHost": "bool",
                              "enableFIPS": "bool",
                              "enableNodePublicIP": "bool",
                              "enableUltraSSD": "bool",
                              "kubeletDiskType": "string",
                              "maxCount": "number",
                              "maxPods": "number",
                              "minCount": "number",
                              "mode": "string",
                              "name": "string",
                              "orchestratorVersion": "string",
                              "osDiskSizeGB": "number",
                              "osDiskType": "string",
                              "osSKU": "string",
                              "osType": "string",
                              "scaleDownMode": "string",
                              "upgradeSettings": [
                                "object",
                                {
                                  "maxSurge": "string",
                                  "maxUnavailable": "string"
                                }
                              ],
                              "vmSize": "string",
                              "vnetSubnetID": "string",
                              "workloadRuntime": "string"
                            }
                          ]
                        ]
                      ],
                      "apiServerAccessProfile": [
                        "object",
                        {
                          "disableRunCommand": "bool",
                          "enablePrivateCluster": "bool",
                          "enableVnetIntegration": "bool",
                          "subnetId": "string"
                        }
                      ],
                      "autoScalerProfile": [
                        "object",
                        {
                          "balance-similar-node-groups": "string",
                          "daemonset-eviction-for-empty-nodes": "bool",
                          "daemonset-eviction-for-occupied-nodes": "bool",
                          "expander": "string",
                          "ignore-daemonsets-utilization": "bool",
                          "max-empty-bulk-delete": "string",
                          "max-graceful-termination-sec": "string",
                          "max-node-provision-time": "string",
                          "max-total-unready-percentage": "string",
                          "new-pod-scale-up-delay": "string",
                          "ok-total-unready-count": "string",
                          "scale-down-delay-after-add": "string",
                          "scale-down-delay-after-delete": "string",
                          "scale-down-delay-after-failure": "string",
                          "scale-down-unneeded-time": "string",
                          "scale-down-unready-time": "string",
                          "scale-down-utilization-threshold": "string",
                          "scan-interval": "string",
                          "skip-nodes-with-local-storage": "string",
                          "skip-nodes-with-system-pods": "string"
                        }
                      ],
                      "autoUpgradeProfile": [
                        "object",
                        {
                          "nodeOSUpgradeChannel": "string",
                          "upgradeChannel": "string"
                        }
                      ],
                      "azureMonitorProfile": [
                        "object",
                        {
                          "metrics": [
                            "object",
                            {
                              "enabled": "bool",
                              "kubeStateMetrics": [
                                "object",
                                {}
                              ]
                            }
                          ]
                        }
                      ],
                      "bootstrapProfile": [
                        "object",
                        {
                          "artifactSource": "string"
                        }
                      ],
                      "disableLocalAccounts": "bool",
                      "dnsPrefix": "string",
                      "enableRBAC": "bool",
                      "kubernetesVersion": "string",
                      "metricsProfile": [
                        "object",
                        {
                          "costAnalysis": [
                            "object",
                            {
                              "enabled": "bool"
                            }
                          ]
                        }
                      ],
                      "networkProfile": [
                        "object",
                        {
                          "dnsServiceIP": "string",
                          "ipFamilies": [
                            "tuple",
                            [
                              "string"
                            ]
                          ],
                          "kubeProxyConfig": [
                            "object",
                            {}
                          ],
                          "loadBalancerProfile": [
                            "object",
                            {
                              "backendPoolType": "string",
                              "managedOutboundIPs": [
                                "object",
                                {
                                  "count": "number"
                                }
                              ]
                            }
                          ],
                          "loadBalancerSku": "string",
                          "networkDataplane": "string",
                          "networkPlugin": "string",
                          "networkPluginMode": "string",
                          "networkPolicy": "string",
                          "outboundType": "string",
                          "podCidr": "string",
                          "podCidrs": [
                            "tuple",
                            [
                              "string"
                            ]
                          ],
                          "podLinkLocalAccess": "string",
                          "serviceCidr": "string",
                          "serviceCidrs": [
                            "tuple",
                            [
                              "string"
                            ]
                          ]
                        }
                      ],
                      "oidcIssuerProfile": [
                        "object",
                        {
                          "enabled": "bool"
                        }
                      ],
                      "securityProfile": [
                        "object",
                        {}
                      ],
                      "servicePrincipalProfile": [
                        "object",
                        {
                          "clientId": "string"
                        }
                      ],
                      "storageProfile": [
                        "object",
                        {
                          "diskCSIDriver": [
                            "object",
                            {
                              "enabled": "bool",
                              "version": "string"
                            }
                          ],
                          "fileCSIDriver": [
                            "object",
                            {
                              "enabled": "bool"
                            }
                          ],
                          "snapshotController": [
                            "object",
                            {
                              "enabled": "bool"
                            }
                          ]
                        }
                      ],
                      "supportPlan": "string",
                      "workloadAutoScalerProfile": [
                        "object",
                        {}
                      ]
                    }
                  ],
                  "sku": [
                    "object",
                    {
                      "name": "string",
                      "tier": "string"
                    }
                  ]
                }
              ]
            },
            "create_headers": null,
            "create_query_parameters": null,
            "delete_headers": null,
            "delete_query_parameters": null,
            "id": "/subscriptions/dcef7009-6b94-4382-afdc-17eb160d709a/resourceGroups/rg-spoke-aks-simple/providers/Microsoft.ContainerService/managedClusters/aks-cluster-azapi",
            "identity": [
              {
                "identity_ids": [
                  "/subscriptions/dcef7009-6b94-4382-afdc-17eb160d709a/resourceGroups/rg-spoke-aks-simple/providers/Microsoft.ManagedIdentity/userAssignedIdentities/identity-aks"
                ],
                "principal_id": "",
                "tenant_id": "",
                "type": "UserAssigned"
              }
            ],
            "ignore_casing": false,
            "ignore_missing_property": true,
            "location": "swedencentral",
            "locks": null,
            "name": "aks-cluster-azapi",
            "output": {
              "value": {
                "eTag": "d8b71346-ee02-4f89-acfa-a40150912177",
                "id": "/subscriptions/dcef7009-6b94-4382-afdc-17eb160d709a/resourcegroups/rg-spoke-aks-simple/providers/Microsoft.ContainerService/managedClusters/aks-cluster-azapi",
                "identity": {
                  "userAssignedIdentities": {
                    "/subscriptions/dcef7009-6b94-4382-afdc-17eb160d709a/resourceGroups/rg-spoke-aks-simple/providers/Microsoft.ManagedIdentity/userAssignedIdentities/identity-aks": {
                      "clientId": "d5c18577-9d3e-4516-8b0a-8da4ce1a7179",
                      "principalId": "08a5fa42-c31d-4d7c-920f-e0ba98f46a24"
                    }
                  }
                },
                "properties": {
                  "agentPoolProfiles": [
                    {
                      "availabilityZones": [
                        "2",
                        "3",
                        "1"
                      ],
                      "currentOrchestratorVersion": "1.32.4",
                      "eTag": "d9b62157-c05e-40e0-9ae0-82a4ca6d6f60",
                      "nodeImageVersion": "AKSUbuntu-2204gen2containerd-202505.27.0",
                      "provisioningState": "Succeeded"
                    }
                  ],
                  "azurePortalFQDN": "aks-xsaro8v6.portal.hcp.swedencentral.azmk8s.io",
                  "currentKubernetesVersion": "1.32.4",
                  "fqdn": "aks-xsaro8v6.hcp.swedencentral.azmk8s.io",
                  "identityProfile": {
                    "kubeletidentity": {}
                  },
                  "maxAgentPools": 100,
                  "networkProfile": {
                    "ipFamilies": [
                      "IPv4"
                    ],
                    "loadBalancerProfile": {
                      "effectiveOutboundIPs": [
                        {}
                      ]
                    },
                    "podCidrs": [
                      "10.10.240.0/20"
                    ],
                    "serviceCidrs": [
                      "10.128.0.0/22"
                    ]
                  },
                  "provisioningState": "Succeeded",
                  "resourceUID": "684ab5cf1f7bb700013d6606"
                },
                "type": "Microsoft.ContainerService/ManagedClusters"
              },
              "type": [
                "object",
                {
                  "eTag": "string",
                  "id": "string",
                  "identity": [
                    "object",
                    {
                      "userAssignedIdentities": [
                        "object",
                        {
                          "/subscriptions/dcef7009-6b94-4382-afdc-17eb160d709a/resourceGroups/rg-spoke-aks-simple/providers/Microsoft.ManagedIdentity/userAssignedIdentities/identity-aks": [
                            "object",
                            {
                              "clientId": "string",
                              "principalId": "string"
                            }
                          ]
                        }
                      ]
                    }
                  ],
                  "properties": [
                    "object",
                    {
                      "agentPoolProfiles": [
                        "tuple",
                        [
                          [
                            "object",
                            {
                              "availabilityZones": [
                                "tuple",
                                [
                                  "string",
                                  "string",
                                  "string"
                                ]
                              ],
                              "currentOrchestratorVersion": "string",
                              "eTag": "string",
                              "nodeImageVersion": "string",
                              "provisioningState": "string"
                            }
                          ]
                        ]
                      ],
                      "azurePortalFQDN": "string",
                      "currentKubernetesVersion": "string",
                      "fqdn": "string",
                      "identityProfile": [
                        "object",
                        {
                          "kubeletidentity": [
                            "object",
                            {}
                          ]
                        }
                      ],
                      "maxAgentPools": "number",
                      "networkProfile": [
                        "object",
                        {
                          "ipFamilies": [
                            "tuple",
                            [
                              "string"
                            ]
                          ],
                          "loadBalancerProfile": [
                            "object",
                            {
                              "effectiveOutboundIPs": [
                                "tuple",
                                [
                                  [
                                    "object",
                                    {}
                                  ]
                                ]
                              ]
                            }
                          ],
                          "podCidrs": [
                            "tuple",
                            [
                              "string"
                            ]
                          ],
                          "serviceCidrs": [
                            "tuple",
                            [
                              "string"
                            ]
                          ]
                        }
                      ],
                      "provisioningState": "string",
                      "resourceUID": "string"
                    }
                  ],
                  "type": "string"
                }
              ]
            },
            "parent_id": "/subscriptions/dcef7009-6b94-4382-afdc-17eb160d709a/resourceGroups/rg-spoke-aks-simple",
            "read_headers": null,
            "read_query_parameters": null,
            "replace_triggers_external_values": null,
            "replace_triggers_refs": null,
            "response_export_values": null,
            "retry": null,
            "schema_validation_enabled": true,
            "sensitive_body": null,
            "tags": null,
            "timeouts": null,
            "type": "Microsoft.ContainerService/managedClusters@2025-02-02-preview",
            "update_headers": null,
            "update_query_parameters": null
          },
          "sensitive_attributes": [],
          "identity_schema_version": 0,
          "private": "eyJzZW5zaXRpdmVfYm9keSI6ImV5Sm9ZWE5vSWpvaVpFTk9UMjFMTDI1VFdTc3hNblpJZW1GelRGaHBjM2Q2YkVkVU5WVklRVGRxUVVkWmEzWnRRM1ZSY3owaWZRPT0ifQ==",
          "dependencies": [
            "azurerm_resource_group.rg",
            "azurerm_subnet.snet_aks",
            "azurerm_subnet.snet_aks_apiserver",
            "azurerm_user_assigned_identity.identity_aks",
            "azurerm_virtual_network.vnet_spoke_aks"
          ]
        }
      ]
    },
    {
      "mode": "managed",
      "type": "azurerm_kubernetes_cluster",
      "name": "aks",
      "provider": "provider[\"registry.terraform.io/hashicorp/azurerm\"]",
      "instances": [
        {
          "schema_version": 2,
          "attributes": {
            "aci_connector_linux": [],
            "api_server_access_profile": [],
            "auto_scaler_profile": [
              {
                "balance_similar_node_groups": false,
                "daemonset_eviction_for_empty_nodes_enabled": false,
                "daemonset_eviction_for_occupied_nodes_enabled": true,
                "empty_bulk_delete_max": "10",
                "expander": "random",
                "ignore_daemonsets_utilization_enabled": false,
                "max_graceful_termination_sec": "600",
                "max_node_provisioning_time": "15m",
                "max_unready_nodes": 3,
                "max_unready_percentage": 45,
                "new_pod_scale_up_delay": "0s",
                "scale_down_delay_after_add": "10m",
                "scale_down_delay_after_delete": "10s",
                "scale_down_delay_after_failure": "3m",
                "scale_down_unneeded": "10m",
                "scale_down_unready": "20m",
                "scale_down_utilization_threshold": "0.5",
                "scan_interval": "10s",
                "skip_nodes_with_local_storage": false,
                "skip_nodes_with_system_pods": true
              }
            ],
            "automatic_upgrade_channel": "node-image",
            "azure_active_directory_role_based_access_control": [],
            "azure_policy_enabled": false,
            "confidential_computing": [],
            "cost_analysis_enabled": false,
            "current_kubernetes_version": "1.32.4",
            "default_node_pool": [
              {
                "auto_scaling_enabled": true,
                "capacity_reservation_group_id": "",
                "fips_enabled": false,
                "gpu_instance": "",
                "host_encryption_enabled": false,
                "host_group_id": "",
                "kubelet_config": [],
                "kubelet_disk_type": "OS",
                "linux_os_config": [],
                "max_count": 3,
                "max_pods": 110,
                "min_count": 1,
                "name": "systempool",
                "node_count": 2,
                "node_labels": {},
                "node_network_profile": [],
                "node_public_ip_enabled": false,
                "node_public_ip_prefix_id": "",
                "only_critical_addons_enabled": false,
                "orchestrator_version": "1.32.4",
                "os_disk_size_gb": 40,
                "os_disk_type": "Ephemeral",
                "os_sku": "Ubuntu",
                "pod_subnet_id": "",
                "proximity_placement_group_id": "",
                "scale_down_mode": "Delete",
                "snapshot_id": "",
                "tags": {},
                "temporary_name_for_rotation": "syspooltmp",
                "type": "VirtualMachineScaleSets",
                "ultra_ssd_enabled": false,
                "upgrade_settings": [
                  {
                    "drain_timeout_in_minutes": 0,
                    "max_surge": "10%",
                    "node_soak_duration_in_minutes": 0
                  }
                ],
                "vm_size": "Standard_D2ads_v5",
                "vnet_subnet_id": "/subscriptions/dcef7009-6b94-4382-afdc-17eb160d709a/resourceGroups/rg-spoke-aks-simple/providers/Microsoft.Network/virtualNetworks/vnet-spoke-aks-simple/subnets/snet-aks",
                "workload_runtime": "OCIContainer",
                "zones": [
                  "1",
                  "2",
                  "3"
                ]
              }
            ],
            "disk_encryption_set_id": "",
            "dns_prefix": "aks",
            "dns_prefix_private_cluster": "",
            "edge_zone": "",
            "fqdn": "aks-qk5xj7ci.hcp.swedencentral.azmk8s.io",
            "http_application_routing_enabled": false,
            "http_application_routing_zone_name": null,
            "http_proxy_config": [],
            "id": "/subscriptions/dcef7009-6b94-4382-afdc-17eb160d709a/resourceGroups/rg-spoke-aks-simple/providers/Microsoft.ContainerService/managedClusters/aks-cluster",
            "identity": [
              {
                "identity_ids": [
                  "/subscriptions/dcef7009-6b94-4382-afdc-17eb160d709a/resourceGroups/rg-spoke-aks-simple/providers/Microsoft.ManagedIdentity/userAssignedIdentities/identity-aks"
                ],
                "principal_id": "",
                "tenant_id": "",
                "type": "UserAssigned"
              }
            ],
            "image_cleaner_enabled": false,
            "image_cleaner_interval_hours": 24,
            "ingress_application_gateway": [],
            "key_management_service": [],
            "key_vault_secrets_provider": [],
            "kube_admin_config": [],
            "kube_admin_config_raw": "",
            "kube_config": [
              {
                "client_certificate": "LS0tLS1CRUdJTiBDRVJUSUZJQ0FURS0tLS0tCk1JSUZIakNDQXdhZ0F3SUJBZ0lSQUxyOWxycU0wTVFHS2V5eEdJU3NYUnd3RFFZSktvWklodmNOQVFFTEJRQXcKRFRFTE1Ba0dBMVVFQXhNQ1kyRXdIaGNOTWpVd05qRXlNRGN5TWpFM1doY05NamN3TmpFeU1EY3pNakUzV2pBdwpNUmN3RlFZRFZRUUtFdzV6ZVhOMFpXMDZiV0Z6ZEdWeWN6RVZNQk1HQTFVRUF4TU1iV0Z6ZEdWeVkyeHBaVzUwCk1JSUNJakFOQmdrcWhraUc5dzBCQVFFRkFBT0NBZzhBTUlJQ0NnS0NBZ0VBeithaW5pUUFqYXNaYXFDNE1EamQKUThGNGdNcDV5SXJGdGVxMWtOSHhuRmFNUURlaXlscW12ZSs4a3NJRmIzdldEdXh5eHZZK1ZqaHZadlJRL3RLSwpWekxCc2VoYjV4SWd6N3VuK1AxNVM3cFFYblRlSXdnK2ZERzdYY09kWlV3bkkyUWJJeEF1bnZxVFJiWng2ZHFMCkpyTXE0KzBaZlVEbldBQkJpMHFHVWthSXl0VDc0NjNiM2RGbkN1MU9xNnc1ek4rK09DQjlsdWdnS0RXak9xemwKS3JYNDJXVGdMMXFQR3RuRFd2ZUNMV0xFbDcyUEptNVB6cWUxY29INDB4RHJRUEs3UjFtMHBYbFoza3ZTWk56QQplaW5NVXcvTG0zS0o0N21OclU4L3dBOG5VTnV4UTJpc3VjdHJKUzZRN204djJmMm8zZS9qdHE3SmRFYUROejE2ClJ5M0owR0VKTjJiTy9nVFJScWpqait3dEg4Smh6ZDhWSWdTOXI4Tnc3ZnBHS3pEN2VQU2VWS3htdVFCN2RTS2YKSzdYUWloNE5vbGF3RXQ3RTE0UTlSdXJ5c1RFbTV4YStlVHlWY1JuYjdzUWIxRnlRZ2VWTXBNOTdsdllJOHRQMgpsOTc3dXBUS0l4UDYyU2FlekpnU1FWV0FiZ3Q3N1czcGc0bDR4YWkzMkg5Y3dMWFBEczFMdThTU1M4WXd0VTFCCmxlSEMvNnV6SE5pNm9xbVVtdVFVRjZkTlhDVEFkd1VpT0U5TVBzZW5UNmR6YUxXQjZpMHcvNEp4d3dKa09qYzcKZHQwVXpaUzdtdmNpYUV1alZRNk1SYUxhTjJZNENpNWlsRnhJdUxCVEo5Z1VQWHc0dHRQbE85V2lJK3o5aU84ZgpjQUJhcllqWlplb2llZ0lXT3Z6ejg4OENBd0VBQWFOV01GUXdEZ1lEVlIwUEFRSC9CQVFEQWdXZ01CTUdBMVVkCkpRUU1NQW9HQ0NzR0FRVUZCd01DTUF3R0ExVWRFd0VCL3dRQ01BQXdId1lEVlIwakJCZ3dGb0FVRnlubnZoNGIKd2FaQmZtUVdlbEIxR0ZYbmVFNHdEUVlKS29aSWh2Y05BUUVMQlFBRGdnSUJBRUxBQldJYjFwYUhzQ3ZocitOUwpkT0VLeDdlY1dCV0wwemREdGhmT0orYzZVcWFnUnZDelpweWxwYU01RWdTS1pWMVZicTBIRUFhbXQybEFGZ2YrCjFDc2lCQThlWStZakNURitEcXYwS1ZLK09jVG9BcDdtZVMyZmRUdW93enN5WnNwdEhwWjRGQVE2L3YxNldYQkQKUFpOUGlDM3FSQU4vUzlZZmM2VDZyaUd2WTQvR3lxREFiM2lOeHNvSVVTYnV4MmNOY2J1Q05oTUQzM1FMMTJrbQpsTTFHemNCQ1Q2bWlZWGs1UzcwbDFLRkdmQTFaSStnSldKWHkyN1dUbWRERlpjU2xUKzQ3UWpQRmV2K3RQMHZJClMxK05xOVpiVTJqRnhIYSswYVlyYTYrN1BETmdXcGZOQjJNV3FFSkxtcUV0RW5kMTNtU2JUVnFWQ1NDWUxQMUsKUXNNdFJTdnJRcm1CZGVlUEgvMDNoZDZ4NTF3YThiSEcxMjlXQXJFajdacEFvbHdsaGk1OUdTUmdFbjU4ZnVYTwpRalNHVXVTNlR3c2VYMDFOM3pHMWdEZGYvMEpIY2lOMHBBaStpZUJkTjQ2c2UzQ3BZY3JtczY5c0ZGSmZDa2lYCjdVRmR6a1NjdEFGd0dEamI4Z096NjJNeEZmMjlDUHVVVUhYcm9YMG0vRWo0NVR2UEVZSFFmREVPSFV0OENvZEwKZjMyWUNZMGd6eGxJM0MvcWV1VTR6K3FHUVUycFJWRXdTK0JYd2hFNjkvQkJxUWlpV09RcVp5a2tiOGkwcDNlNwo1RHM5K0QvNWl6S000L2FzdG8yaHhCQmxPUERocS9SR2NQMk8vOU5VVnljMGYrZ0tRWkdyd1lHYy95Y3Q3cE94Cmk3NlFwU0hJMkRtNlJnVmtnWU03dFNFTAotLS0tLUVORCBDRVJUSUZJQ0FURS0tLS0tCg==",
                "client_key": "LS0tLS1CRUdJTiBSU0EgUFJJVkFURSBLRVktLS0tLQpNSUlKS3dJQkFBS0NBZ0VBeithaW5pUUFqYXNaYXFDNE1EamRROEY0Z01wNXlJckZ0ZXExa05IeG5GYU1RRGVpCnlscW12ZSs4a3NJRmIzdldEdXh5eHZZK1ZqaHZadlJRL3RLS1Z6TEJzZWhiNXhJZ3o3dW4rUDE1UzdwUVhuVGUKSXdnK2ZERzdYY09kWlV3bkkyUWJJeEF1bnZxVFJiWng2ZHFMSnJNcTQrMFpmVURuV0FCQmkwcUdVa2FJeXRUNwo0NjNiM2RGbkN1MU9xNnc1ek4rK09DQjlsdWdnS0RXak9xemxLclg0MldUZ0wxcVBHdG5EV3ZlQ0xXTEVsNzJQCkptNVB6cWUxY29INDB4RHJRUEs3UjFtMHBYbFoza3ZTWk56QWVpbk1Vdy9MbTNLSjQ3bU5yVTgvd0E4blVOdXgKUTJpc3VjdHJKUzZRN204djJmMm8zZS9qdHE3SmRFYUROejE2UnkzSjBHRUpOMmJPL2dUUlJxampqK3d0SDhKaAp6ZDhWSWdTOXI4Tnc3ZnBHS3pEN2VQU2VWS3htdVFCN2RTS2ZLN1hRaWg0Tm9sYXdFdDdFMTRROVJ1cnlzVEVtCjV4YStlVHlWY1JuYjdzUWIxRnlRZ2VWTXBNOTdsdllJOHRQMmw5Nzd1cFRLSXhQNjJTYWV6SmdTUVZXQWJndDcKN1czcGc0bDR4YWkzMkg5Y3dMWFBEczFMdThTU1M4WXd0VTFCbGVIQy82dXpITmk2b3FtVW11UVVGNmROWENUQQpkd1VpT0U5TVBzZW5UNmR6YUxXQjZpMHcvNEp4d3dKa09qYzdkdDBVelpTN212Y2lhRXVqVlE2TVJhTGFOMlk0CkNpNWlsRnhJdUxCVEo5Z1VQWHc0dHRQbE85V2lJK3o5aU84ZmNBQmFyWWpaWmVvaWVnSVdPdnp6ODg4Q0F3RUEKQVFLQ0FnRUFrSlhyZm1PM1pzOFpqQWhlVUZzYnRxVjBzczBkeVJTSno2eDl2VXZrNWo5aXByNktub1JROWtNbQpPRUpyR1U5Y1hXQ2Zxak5Td3cvWW1oZEx4UXlUWFhWVk0rOVBDdktXa3lJRS9hcjZrbW51dnVJMEl0VDI3OVIrClpBVkpEMHZZNUVvWWZWZ2h0RHE3OVgyZTEyNC8zQmc2dWUwSkR3ejJWME5HVWlMd0s0UVdXa21wTEh5YkxqY1YKbkluUmJwOEdTNjlIVVMxM2FsM2hEMVhPUVY1QXVtVjN2V2prYU1wb1A5bzJmS3NwZzNydkVrQ29yNmVFSlVxSgpiQ3RyNnc0WExrSWhjTXU0VUdTRzFZeVJzOGU2ckxzbytKTkJuTWdaa2FCWUliRzl1a3BQbzNKR1k0VUdxdWdICmlnSktsU2dLZFdadDdIdUxPRjl5aDBVS3VINHU3TlRNSG5VR294YTBDcHgzeVNGYjZSZXdXY1dwczRyeW5YVEwKbGUzNkFEQmVHbjZ6U3ExNURBbERtSU5yYzN3UUZDVDJxVEhuVS9OV2hOdTc2UGE3RC9kSUJ4ZjNmb2hMV1R1ZApnMGhmUXZwbmltQzUyQUJkU1BURTdhS08zaUx4QUoyeFVxVjJLTUZZL3dWTkxSL0RpckE1eFM0VnNUTDY0aWdDClQvM0swV25oOTFGRERkZzdhLzVYcHpBZXpBM0FxYjdnUnJTdlhqN3pCUVhzSXgwbElZOTd4WUI5ejFkWm96cHcKSGovTkU3NlVoeStDVXg4OWlZaFN5SWdwdjEwUGowWGxCOXlmTmJWWW9EaTh3L1VkdHNXcWVGeTNJTEJiMUt3aAptMjF1TVREZGxuekZvNkVETHFYV2NEQm1jRFVlMmZ6TjQwaFhNME1FaWxvY3FiVDBGK0VDZ2dFQkFPZytjMVpMCnpGWitlMHZuZXBkb3FTalJtSXBPOENha3JjbWlHM1dnN1JzWXpLcCszQkxlVGpEaEEyRlNvQ0RpQm1WOHFHbEQKMGRBK3oxN1dCR3JlVDJtaCs0Nk9VWTFpOWZyeDExUmhIT0ltaFpmL1ErMWVRN2o4Y0c2NzdIQXFiS2pCOFg2bQpJZFVGVXdWMUNWYSt6eERVNFpSSU4vam1BQlROclg5MnA0MkIvaHZPVEVyM1RjQ2VrcEE1K1RmeVBIYUYzM3V4ClN1THFrY1pnMTcrdGlYbEdmbENFTE9JRDVXSC9NVTR3K214Q0MvTW9sODhudnROMlc4TFg0VkdlaDE3eGx5eU8KT08wMG4xNE1yMFZ3RTI4TGVrRG9uNDZHTmVNcGM0SDRDZWUzQnF5NXV6YVFyQnVHaEFLS1F3cXFjT0NHejRYQgpUalY2MndRQTlJRjNrTWtDZ2dFQkFPVXF2TFlPUTljUDhjTXpiMWN6VkkrK0ptaWpsM09MRzl3L0RQUS9qL0IvClpDNjRnSVl5M2poTm5GUlZXMFd1YzRFV2RML1pzeFFWTnlGWHRURWtFTkxRZEdRY3IrbjZOZnl2Q0FSOFFBcEYKdG0zU000VXBvT1RQeFY5NXIzZFdZSDBFLzFiL2oremR1clk2L2hSbVJXb0tsbHozaGhmSldmRm5BaGtWeWhrawpPMDlNVlI4VEpwSmZTV3FYd1NzK3RENkhoQ2tDRzJSSmVrazZ2bUlhMDVPcjB5VC9Oc3crajVDZC9HOEh0VVNzCkg0dzB6RklPdXZNWm81bTN4MUZOcGMzWlE0cDBzOWxqRm1BVi9JM0JGUGNQcFZMM1N3bnNySjBPZDZpVzlFcFoKNmtOMWFPRUtqcDdRenpvQW1SK3lUWUNYOVdOQUJNYXB4U3ZtR0g2ZkE5Y0NnZ0VCQUtMNW9DcUF5b1l3QUFvRwpDTXRUa05HcU0rZHErYS9FaElnb2tDaDlvNllPUXlHcUlIbkZNdzJ0K1pkRVNrYUpGb0FGZUpGV0hGaU1teTByCjlyR2dEQTVPczU4WVZEWnBxY0JPRWhPT2lweFErQkx2K1JVTHYyNkRCOHROYU9CVmhTYnY0cTVEbXg1SHZEanEKSm9HUEtQUGd6K1Frd2RLU1pLQTByWG56SkNWemdZUzF3bWdoSDVqNkxsT3p1eVg5Z1Z5VEdYOU5yUVdNSW53WgozWTBQRkpmY1ZpdmVkVGl1RHp3enZyL21NdlhoYTAxWndSNkgvNnVaTlUrSCt3QXh4VUZsTy9ieVh4Um1oeWVTCnN6U0JMOElQUmQxaTRRVTlQWGVKMFJyMW1zM1diSUt0VzZrdzRQWDM4WTl1d3hrcS9rY3hrMU9Ea1lTS0VFUEEKLzlRU3ViRUNnZ0VCQUpFRlg1Q1NMR292ZzkzMGNiUXNIb29zV2VBRURuYW5CSVYzUFBwZ012V05tRmRjbUxEVQpCZjU1VnNHamxuUGROdWpzemdzT2VCM3dZd2Z0bWhNejhKV0lKdStubThja2VQK2p3QjRlaHVRNVEzM3g5SHFEClluY0o2S3hIdER0LzVPV1l3UUZNRHNkbGRaK1dhMjE3WHRnQlJUQWx6NnpEMWZCSE1IT3hiMGhEdm1pck5IN0sKdnJFSUxjeVBwa1Y0azlXeUtuZE5Cd3FLMlNENFZMeCtuMyttejZKdEF6OXpJNlR2NVd4WjQyTkd6VndMbVhVZwpMenhoOEQ3NXB0K1RsS1pVcEVJOUlnY2lobWxkNEluUU16VTVxSFI5Vy9ZMjJQRTIwNUJUbnRwaVZqWkVXWTkzCi85TU83dVNVdGxIeG9zd0szZFhtRUYrcjFjTzNBNjgxYjljQ2dnRUJBT0hSbFpWcUpwMTJVQkwzZFpEbDFETFMKQUJ2RURXb2ZUSTRDdEI3eERseldkVmJzeTd6UVBOejNhRnJJTEgyRWE3OFJ3bkFUK1pjYkJWdzlaeDR4RmVUVApRYjFmcEhFNytXb21qZWI4OVFJT3hXRE82TTQ4KzJ2TzE3b2JlN3hzQkEzYzZrUzZQTmpJQmFqcHllM09vbGl6CkZidEF1Q2R1dFF6dXMrVFI3dmVFNURkNElhWm1wcmkyZVIzWFRONmJTbUh2SkZDYzViK3p2a3hqV1ozU2tVVG4KREpFWDJoT0pNTGRGTS9QRVpjRVArRHp1ZGxQZzByaU1xWEFIdEUxbEo1ejN2YlpLQnBHSDEyVUloS21TNXVlTwp1SUJYU3U0aHRPZlFBSXU5bUQ5TWdYcEgyS09aajgvaHRIN1A5eHlka1NkbTFCNlVHQVFaVCtkNU1hR25PeE09Ci0tLS0tRU5EIFJTQSBQUklWQVRFIEtFWS0tLS0tCg==",
                "cluster_ca_certificate": "LS0tLS1CRUdJTiBDRVJUSUZJQ0FURS0tLS0tCk1JSUU2VENDQXRHZ0F3SUJBZ0lSQUlwOWNHQWFIU0xnQlhyVGFiV2pPM2d3RFFZSktvWklodmNOQVFFTEJRQXcKRFRFTE1Ba0dBMVVFQXhNQ1kyRXdJQmNOTWpVd05qRXlNRGN5TWpFM1doZ1BNakExTlRBMk1USXdOek15TVRkYQpNQTB4Q3pBSkJnTlZCQU1UQW1OaE1JSUNJakFOQmdrcWhraUc5dzBCQVFFRkFBT0NBZzhBTUlJQ0NnS0NBZ0VBCjBqeTB2VG9rUEpCNFJtVk5oRzQ2MEg2cmtlOXRVN2N5eGZzMDV6OVFVRThvZ1haL2hzTVZVNEZmYm91cjNIK28KdGcyOW1heDI5TzJDUVVKL1JHaVMrOHlNb2RKcG1GTlBVRStoTFhwaGZETGsxbW05Z3BrTU9nRW1Eci9RUW43QwpYVVpDcE9CRTJ1eGxpQzR2bkZZSW1SQ3BVUjlZb0dJYTdvd1B5OVV1OUVpd0RmbisvdnlMNkZZTUk5QmxwRGpHClFsZDNnNitLQnVEYWlKVTh6NGQzUUZRM2hzc3NIVDNSYit1Tk0xVUlDYnM4Q0ttWnFzWUlIVjhkUGsxUnZRU2cKTitBY3RFY3cyU21UaXdnSHJDYUo3cXFoTTdpUFBLVnlUVmYwR0Q5QytKTmN3em42M0RCejQwU2xlbGlWc0VrWgprdThLSkx5bjV5b3VNNDdwUy9wejFkVU1yaXFyWklia1YvQUFLQWdDYndTNUFPMGkvV2JEaXM0ZGhvQ2IvVHd0CnE3dkp1RkVVTXJGd0x4VVRGZU5vS3AzYmNGN1ZVdHBPUGZVY0VLcm5MYUs3bTlGY1hsZ2I4QWh5eDBmWGsrSncKM3E4SkI5VG9VTHhBb2J1aTlVUVEyL1loZUNhVEYxSjVrWDRqc3N0NUdZUFhKd2NmdlFRc1hKV0lpb0l1N2d4UQpxNHcyMk04RldUKzl0ODNUNHB5czAxaHZqaHhDQkZzRTJyQ09TNVdMZ1NkS0JRc0ExS3hVdFJYWFBrdFNKOTNBCitLZVlnMkN3WTRyeWRZUGNLRXNKMmJvM0Y0M2RLWkQ1WGV2YmMzMXhMM2s2SjhJb2Zhc0htNVFIUks4SnpKb0EKQTFZcEZJSThYZ0JGVVhLbUxtMFV1cFpBdEZTOFhES0Rzc1dtazdMelhIY0NBd0VBQWFOQ01FQXdEZ1lEVlIwUApBUUgvQkFRREFnS2tNQThHQTFVZEV3RUIvd1FGTUFNQkFmOHdIUVlEVlIwT0JCWUVGQmNwNTc0ZUc4R21RWDVrCkZucFFkUmhWNTNoT01BMEdDU3FHU0liM0RRRUJDd1VBQTRJQ0FRQ2NLQjYvYm1QeCtYdXAxRmNaVFhXa3NnZWIKMVpUN0ZJWnFsOFBCd2dBZ2FaazMyNXZ5VE1VRFdmdjBlTjR2a1E2OWgrMU4zNmx0T2owbi9CRVozVDVyOWZHcwpRekUvRE9UQ0l3Q0hKVThmMmpLb0hGOEtFVGxsSW9tbDdBa1NjSWloVVNIT09NdzhLZFNOUFoyaVhua0pRTXVvCm0vcFJkaUFCU0huQ0ZVYVErSzF0S0R0T1MxRm1LZmJYNFBRcDREaFNETEVqYlpKYSsxSVoyWEZjNFdMMEEvT3YKL3BkakI4VFExb0E5YUtpazgwOUFIOVJVc0IwQjJiZGx0VzNuUFQ3bUNxcHZTbUgrVm5HWkZJaVVkZEVPclM3eApYNTZ4UFFiQlN6VGNneU00RjlkL05wUG93NzhXU0pBRlNpVlllNWhCdEc1amp1VlFtUXFaK2hWL1JPUE9xWFVQCmtReHozb1VYNE9TTlhnSElGdUlISzArWmVnMVVtcmhjVSs4WnJpQXh2K3o0Mklkb05ZcmFJdGc3V05DUWxBU00KVWx5RnlkQ3cxOTQ5UXpERFR4YjJ2Mk9iRVNNTS9LSUVpQUdiV3VNcXUvMmY4N1o2TjYwL1NVZXBja1liaHZ0WQpzTGo5M3hkTENINVdqN0xkMzlxZEJSNUliZWovTnVINTJZNjJPYlNBS1J2ZFVJZmhUQ2psYmFSaDYrTzM4cVRZCld0cVpUYXQrMEgwYzVMM1FFeml6bFI4aWNRbXlPQWVSTnJiODZWUlhCSHowSzdpbEFMbDV1aXFDQlVidmkyUUkKendGNDBuRW1lQ2tzTnVKNldmTW5PdXd5aS9mV3ZVbGY2U2J2OUZUOGUxRFQ0dU4xSG5kZVpIR1VpL2dPdkhFKwo0OUswajV2a25lekxWSlN2TkE9PQotLS0tLUVORCBDRVJUSUZJQ0FURS0tLS0tCg==",
                "host": "https://aks-qk5xj7ci.hcp.swedencentral.azmk8s.io:443",
                "password": "nqo86hqmkjvfsqpvem6u4a401sl701irvx1z5u2upxmac2euj9xj0xd17bq1d0yfcg78uj52ut7s1ehsmswu91klyxxeo6eokyubr0khz89wovxwzgzmeoy58us2tsl4",
                "username": "clusterUser_rg-spoke-aks-simple_aks-cluster"
              }
            ],
            "kube_config_raw": "apiVersion: v1\nclusters:\n- cluster:\n    certificate-authority-data: LS0tLS1CRUdJTiBDRVJUSUZJQ0FURS0tLS0tCk1JSUU2VENDQXRHZ0F3SUJBZ0lSQUlwOWNHQWFIU0xnQlhyVGFiV2pPM2d3RFFZSktvWklodmNOQVFFTEJRQXcKRFRFTE1Ba0dBMVVFQXhNQ1kyRXdJQmNOTWpVd05qRXlNRGN5TWpFM1doZ1BNakExTlRBMk1USXdOek15TVRkYQpNQTB4Q3pBSkJnTlZCQU1UQW1OaE1JSUNJakFOQmdrcWhraUc5dzBCQVFFRkFBT0NBZzhBTUlJQ0NnS0NBZ0VBCjBqeTB2VG9rUEpCNFJtVk5oRzQ2MEg2cmtlOXRVN2N5eGZzMDV6OVFVRThvZ1haL2hzTVZVNEZmYm91cjNIK28KdGcyOW1heDI5TzJDUVVKL1JHaVMrOHlNb2RKcG1GTlBVRStoTFhwaGZETGsxbW05Z3BrTU9nRW1Eci9RUW43QwpYVVpDcE9CRTJ1eGxpQzR2bkZZSW1SQ3BVUjlZb0dJYTdvd1B5OVV1OUVpd0RmbisvdnlMNkZZTUk5QmxwRGpHClFsZDNnNitLQnVEYWlKVTh6NGQzUUZRM2hzc3NIVDNSYit1Tk0xVUlDYnM4Q0ttWnFzWUlIVjhkUGsxUnZRU2cKTitBY3RFY3cyU21UaXdnSHJDYUo3cXFoTTdpUFBLVnlUVmYwR0Q5QytKTmN3em42M0RCejQwU2xlbGlWc0VrWgprdThLSkx5bjV5b3VNNDdwUy9wejFkVU1yaXFyWklia1YvQUFLQWdDYndTNUFPMGkvV2JEaXM0ZGhvQ2IvVHd0CnE3dkp1RkVVTXJGd0x4VVRGZU5vS3AzYmNGN1ZVdHBPUGZVY0VLcm5MYUs3bTlGY1hsZ2I4QWh5eDBmWGsrSncKM3E4SkI5VG9VTHhBb2J1aTlVUVEyL1loZUNhVEYxSjVrWDRqc3N0NUdZUFhKd2NmdlFRc1hKV0lpb0l1N2d4UQpxNHcyMk04RldUKzl0ODNUNHB5czAxaHZqaHhDQkZzRTJyQ09TNVdMZ1NkS0JRc0ExS3hVdFJYWFBrdFNKOTNBCitLZVlnMkN3WTRyeWRZUGNLRXNKMmJvM0Y0M2RLWkQ1WGV2YmMzMXhMM2s2SjhJb2Zhc0htNVFIUks4SnpKb0EKQTFZcEZJSThYZ0JGVVhLbUxtMFV1cFpBdEZTOFhES0Rzc1dtazdMelhIY0NBd0VBQWFOQ01FQXdEZ1lEVlIwUApBUUgvQkFRREFnS2tNQThHQTFVZEV3RUIvd1FGTUFNQkFmOHdIUVlEVlIwT0JCWUVGQmNwNTc0ZUc4R21RWDVrCkZucFFkUmhWNTNoT01BMEdDU3FHU0liM0RRRUJDd1VBQTRJQ0FRQ2NLQjYvYm1QeCtYdXAxRmNaVFhXa3NnZWIKMVpUN0ZJWnFsOFBCd2dBZ2FaazMyNXZ5VE1VRFdmdjBlTjR2a1E2OWgrMU4zNmx0T2owbi9CRVozVDVyOWZHcwpRekUvRE9UQ0l3Q0hKVThmMmpLb0hGOEtFVGxsSW9tbDdBa1NjSWloVVNIT09NdzhLZFNOUFoyaVhua0pRTXVvCm0vcFJkaUFCU0huQ0ZVYVErSzF0S0R0T1MxRm1LZmJYNFBRcDREaFNETEVqYlpKYSsxSVoyWEZjNFdMMEEvT3YKL3BkakI4VFExb0E5YUtpazgwOUFIOVJVc0IwQjJiZGx0VzNuUFQ3bUNxcHZTbUgrVm5HWkZJaVVkZEVPclM3eApYNTZ4UFFiQlN6VGNneU00RjlkL05wUG93NzhXU0pBRlNpVlllNWhCdEc1amp1VlFtUXFaK2hWL1JPUE9xWFVQCmtReHozb1VYNE9TTlhnSElGdUlISzArWmVnMVVtcmhjVSs4WnJpQXh2K3o0Mklkb05ZcmFJdGc3V05DUWxBU00KVWx5RnlkQ3cxOTQ5UXpERFR4YjJ2Mk9iRVNNTS9LSUVpQUdiV3VNcXUvMmY4N1o2TjYwL1NVZXBja1liaHZ0WQpzTGo5M3hkTENINVdqN0xkMzlxZEJSNUliZWovTnVINTJZNjJPYlNBS1J2ZFVJZmhUQ2psYmFSaDYrTzM4cVRZCld0cVpUYXQrMEgwYzVMM1FFeml6bFI4aWNRbXlPQWVSTnJiODZWUlhCSHowSzdpbEFMbDV1aXFDQlVidmkyUUkKendGNDBuRW1lQ2tzTnVKNldmTW5PdXd5aS9mV3ZVbGY2U2J2OUZUOGUxRFQ0dU4xSG5kZVpIR1VpL2dPdkhFKwo0OUswajV2a25lekxWSlN2TkE9PQotLS0tLUVORCBDRVJUSUZJQ0FURS0tLS0tCg==\n    server: https://aks-qk5xj7ci.hcp.swedencentral.azmk8s.io:443\n  name: aks-cluster\ncontexts:\n- context:\n    cluster: aks-cluster\n    user: clusterUser_rg-spoke-aks-simple_aks-cluster\n  name: aks-cluster\ncurrent-context: aks-cluster\nkind: Config\npreferences: {}\nusers:\n- name: clusterUser_rg-spoke-aks-simple_aks-cluster\n  user:\n    client-certificate-data: LS0tLS1CRUdJTiBDRVJUSUZJQ0FURS0tLS0tCk1JSUZIakNDQXdhZ0F3SUJBZ0lSQUxyOWxycU0wTVFHS2V5eEdJU3NYUnd3RFFZSktvWklodmNOQVFFTEJRQXcKRFRFTE1Ba0dBMVVFQXhNQ1kyRXdIaGNOTWpVd05qRXlNRGN5TWpFM1doY05NamN3TmpFeU1EY3pNakUzV2pBdwpNUmN3RlFZRFZRUUtFdzV6ZVhOMFpXMDZiV0Z6ZEdWeWN6RVZNQk1HQTFVRUF4TU1iV0Z6ZEdWeVkyeHBaVzUwCk1JSUNJakFOQmdrcWhraUc5dzBCQVFFRkFBT0NBZzhBTUlJQ0NnS0NBZ0VBeithaW5pUUFqYXNaYXFDNE1EamQKUThGNGdNcDV5SXJGdGVxMWtOSHhuRmFNUURlaXlscW12ZSs4a3NJRmIzdldEdXh5eHZZK1ZqaHZadlJRL3RLSwpWekxCc2VoYjV4SWd6N3VuK1AxNVM3cFFYblRlSXdnK2ZERzdYY09kWlV3bkkyUWJJeEF1bnZxVFJiWng2ZHFMCkpyTXE0KzBaZlVEbldBQkJpMHFHVWthSXl0VDc0NjNiM2RGbkN1MU9xNnc1ek4rK09DQjlsdWdnS0RXak9xemwKS3JYNDJXVGdMMXFQR3RuRFd2ZUNMV0xFbDcyUEptNVB6cWUxY29INDB4RHJRUEs3UjFtMHBYbFoza3ZTWk56QQplaW5NVXcvTG0zS0o0N21OclU4L3dBOG5VTnV4UTJpc3VjdHJKUzZRN204djJmMm8zZS9qdHE3SmRFYUROejE2ClJ5M0owR0VKTjJiTy9nVFJScWpqait3dEg4Smh6ZDhWSWdTOXI4Tnc3ZnBHS3pEN2VQU2VWS3htdVFCN2RTS2YKSzdYUWloNE5vbGF3RXQ3RTE0UTlSdXJ5c1RFbTV4YStlVHlWY1JuYjdzUWIxRnlRZ2VWTXBNOTdsdllJOHRQMgpsOTc3dXBUS0l4UDYyU2FlekpnU1FWV0FiZ3Q3N1czcGc0bDR4YWkzMkg5Y3dMWFBEczFMdThTU1M4WXd0VTFCCmxlSEMvNnV6SE5pNm9xbVVtdVFVRjZkTlhDVEFkd1VpT0U5TVBzZW5UNmR6YUxXQjZpMHcvNEp4d3dKa09qYzcKZHQwVXpaUzdtdmNpYUV1alZRNk1SYUxhTjJZNENpNWlsRnhJdUxCVEo5Z1VQWHc0dHRQbE85V2lJK3o5aU84ZgpjQUJhcllqWlplb2llZ0lXT3Z6ejg4OENBd0VBQWFOV01GUXdEZ1lEVlIwUEFRSC9CQVFEQWdXZ01CTUdBMVVkCkpRUU1NQW9HQ0NzR0FRVUZCd01DTUF3R0ExVWRFd0VCL3dRQ01BQXdId1lEVlIwakJCZ3dGb0FVRnlubnZoNGIKd2FaQmZtUVdlbEIxR0ZYbmVFNHdEUVlKS29aSWh2Y05BUUVMQlFBRGdnSUJBRUxBQldJYjFwYUhzQ3ZocitOUwpkT0VLeDdlY1dCV0wwemREdGhmT0orYzZVcWFnUnZDelpweWxwYU01RWdTS1pWMVZicTBIRUFhbXQybEFGZ2YrCjFDc2lCQThlWStZakNURitEcXYwS1ZLK09jVG9BcDdtZVMyZmRUdW93enN5WnNwdEhwWjRGQVE2L3YxNldYQkQKUFpOUGlDM3FSQU4vUzlZZmM2VDZyaUd2WTQvR3lxREFiM2lOeHNvSVVTYnV4MmNOY2J1Q05oTUQzM1FMMTJrbQpsTTFHemNCQ1Q2bWlZWGs1UzcwbDFLRkdmQTFaSStnSldKWHkyN1dUbWRERlpjU2xUKzQ3UWpQRmV2K3RQMHZJClMxK05xOVpiVTJqRnhIYSswYVlyYTYrN1BETmdXcGZOQjJNV3FFSkxtcUV0RW5kMTNtU2JUVnFWQ1NDWUxQMUsKUXNNdFJTdnJRcm1CZGVlUEgvMDNoZDZ4NTF3YThiSEcxMjlXQXJFajdacEFvbHdsaGk1OUdTUmdFbjU4ZnVYTwpRalNHVXVTNlR3c2VYMDFOM3pHMWdEZGYvMEpIY2lOMHBBaStpZUJkTjQ2c2UzQ3BZY3JtczY5c0ZGSmZDa2lYCjdVRmR6a1NjdEFGd0dEamI4Z096NjJNeEZmMjlDUHVVVUhYcm9YMG0vRWo0NVR2UEVZSFFmREVPSFV0OENvZEwKZjMyWUNZMGd6eGxJM0MvcWV1VTR6K3FHUVUycFJWRXdTK0JYd2hFNjkvQkJxUWlpV09RcVp5a2tiOGkwcDNlNwo1RHM5K0QvNWl6S000L2FzdG8yaHhCQmxPUERocS9SR2NQMk8vOU5VVnljMGYrZ0tRWkdyd1lHYy95Y3Q3cE94Cmk3NlFwU0hJMkRtNlJnVmtnWU03dFNFTAotLS0tLUVORCBDRVJUSUZJQ0FURS0tLS0tCg==\n    client-key-data: LS0tLS1CRUdJTiBSU0EgUFJJVkFURSBLRVktLS0tLQpNSUlKS3dJQkFBS0NBZ0VBeithaW5pUUFqYXNaYXFDNE1EamRROEY0Z01wNXlJckZ0ZXExa05IeG5GYU1RRGVpCnlscW12ZSs4a3NJRmIzdldEdXh5eHZZK1ZqaHZadlJRL3RLS1Z6TEJzZWhiNXhJZ3o3dW4rUDE1UzdwUVhuVGUKSXdnK2ZERzdYY09kWlV3bkkyUWJJeEF1bnZxVFJiWng2ZHFMSnJNcTQrMFpmVURuV0FCQmkwcUdVa2FJeXRUNwo0NjNiM2RGbkN1MU9xNnc1ek4rK09DQjlsdWdnS0RXak9xemxLclg0MldUZ0wxcVBHdG5EV3ZlQ0xXTEVsNzJQCkptNVB6cWUxY29INDB4RHJRUEs3UjFtMHBYbFoza3ZTWk56QWVpbk1Vdy9MbTNLSjQ3bU5yVTgvd0E4blVOdXgKUTJpc3VjdHJKUzZRN204djJmMm8zZS9qdHE3SmRFYUROejE2UnkzSjBHRUpOMmJPL2dUUlJxampqK3d0SDhKaAp6ZDhWSWdTOXI4Tnc3ZnBHS3pEN2VQU2VWS3htdVFCN2RTS2ZLN1hRaWg0Tm9sYXdFdDdFMTRROVJ1cnlzVEVtCjV4YStlVHlWY1JuYjdzUWIxRnlRZ2VWTXBNOTdsdllJOHRQMmw5Nzd1cFRLSXhQNjJTYWV6SmdTUVZXQWJndDcKN1czcGc0bDR4YWkzMkg5Y3dMWFBEczFMdThTU1M4WXd0VTFCbGVIQy82dXpITmk2b3FtVW11UVVGNmROWENUQQpkd1VpT0U5TVBzZW5UNmR6YUxXQjZpMHcvNEp4d3dKa09qYzdkdDBVelpTN212Y2lhRXVqVlE2TVJhTGFOMlk0CkNpNWlsRnhJdUxCVEo5Z1VQWHc0dHRQbE85V2lJK3o5aU84ZmNBQmFyWWpaWmVvaWVnSVdPdnp6ODg4Q0F3RUEKQVFLQ0FnRUFrSlhyZm1PM1pzOFpqQWhlVUZzYnRxVjBzczBkeVJTSno2eDl2VXZrNWo5aXByNktub1JROWtNbQpPRUpyR1U5Y1hXQ2Zxak5Td3cvWW1oZEx4UXlUWFhWVk0rOVBDdktXa3lJRS9hcjZrbW51dnVJMEl0VDI3OVIrClpBVkpEMHZZNUVvWWZWZ2h0RHE3OVgyZTEyNC8zQmc2dWUwSkR3ejJWME5HVWlMd0s0UVdXa21wTEh5YkxqY1YKbkluUmJwOEdTNjlIVVMxM2FsM2hEMVhPUVY1QXVtVjN2V2prYU1wb1A5bzJmS3NwZzNydkVrQ29yNmVFSlVxSgpiQ3RyNnc0WExrSWhjTXU0VUdTRzFZeVJzOGU2ckxzbytKTkJuTWdaa2FCWUliRzl1a3BQbzNKR1k0VUdxdWdICmlnSktsU2dLZFdadDdIdUxPRjl5aDBVS3VINHU3TlRNSG5VR294YTBDcHgzeVNGYjZSZXdXY1dwczRyeW5YVEwKbGUzNkFEQmVHbjZ6U3ExNURBbERtSU5yYzN3UUZDVDJxVEhuVS9OV2hOdTc2UGE3RC9kSUJ4ZjNmb2hMV1R1ZApnMGhmUXZwbmltQzUyQUJkU1BURTdhS08zaUx4QUoyeFVxVjJLTUZZL3dWTkxSL0RpckE1eFM0VnNUTDY0aWdDClQvM0swV25oOTFGRERkZzdhLzVYcHpBZXpBM0FxYjdnUnJTdlhqN3pCUVhzSXgwbElZOTd4WUI5ejFkWm96cHcKSGovTkU3NlVoeStDVXg4OWlZaFN5SWdwdjEwUGowWGxCOXlmTmJWWW9EaTh3L1VkdHNXcWVGeTNJTEJiMUt3aAptMjF1TVREZGxuekZvNkVETHFYV2NEQm1jRFVlMmZ6TjQwaFhNME1FaWxvY3FiVDBGK0VDZ2dFQkFPZytjMVpMCnpGWitlMHZuZXBkb3FTalJtSXBPOENha3JjbWlHM1dnN1JzWXpLcCszQkxlVGpEaEEyRlNvQ0RpQm1WOHFHbEQKMGRBK3oxN1dCR3JlVDJtaCs0Nk9VWTFpOWZyeDExUmhIT0ltaFpmL1ErMWVRN2o4Y0c2NzdIQXFiS2pCOFg2bQpJZFVGVXdWMUNWYSt6eERVNFpSSU4vam1BQlROclg5MnA0MkIvaHZPVEVyM1RjQ2VrcEE1K1RmeVBIYUYzM3V4ClN1THFrY1pnMTcrdGlYbEdmbENFTE9JRDVXSC9NVTR3K214Q0MvTW9sODhudnROMlc4TFg0VkdlaDE3eGx5eU8KT08wMG4xNE1yMFZ3RTI4TGVrRG9uNDZHTmVNcGM0SDRDZWUzQnF5NXV6YVFyQnVHaEFLS1F3cXFjT0NHejRYQgpUalY2MndRQTlJRjNrTWtDZ2dFQkFPVXF2TFlPUTljUDhjTXpiMWN6VkkrK0ptaWpsM09MRzl3L0RQUS9qL0IvClpDNjRnSVl5M2poTm5GUlZXMFd1YzRFV2RML1pzeFFWTnlGWHRURWtFTkxRZEdRY3IrbjZOZnl2Q0FSOFFBcEYKdG0zU000VXBvT1RQeFY5NXIzZFdZSDBFLzFiL2oremR1clk2L2hSbVJXb0tsbHozaGhmSldmRm5BaGtWeWhrawpPMDlNVlI4VEpwSmZTV3FYd1NzK3RENkhoQ2tDRzJSSmVrazZ2bUlhMDVPcjB5VC9Oc3crajVDZC9HOEh0VVNzCkg0dzB6RklPdXZNWm81bTN4MUZOcGMzWlE0cDBzOWxqRm1BVi9JM0JGUGNQcFZMM1N3bnNySjBPZDZpVzlFcFoKNmtOMWFPRUtqcDdRenpvQW1SK3lUWUNYOVdOQUJNYXB4U3ZtR0g2ZkE5Y0NnZ0VCQUtMNW9DcUF5b1l3QUFvRwpDTXRUa05HcU0rZHErYS9FaElnb2tDaDlvNllPUXlHcUlIbkZNdzJ0K1pkRVNrYUpGb0FGZUpGV0hGaU1teTByCjlyR2dEQTVPczU4WVZEWnBxY0JPRWhPT2lweFErQkx2K1JVTHYyNkRCOHROYU9CVmhTYnY0cTVEbXg1SHZEanEKSm9HUEtQUGd6K1Frd2RLU1pLQTByWG56SkNWemdZUzF3bWdoSDVqNkxsT3p1eVg5Z1Z5VEdYOU5yUVdNSW53WgozWTBQRkpmY1ZpdmVkVGl1RHp3enZyL21NdlhoYTAxWndSNkgvNnVaTlUrSCt3QXh4VUZsTy9ieVh4Um1oeWVTCnN6U0JMOElQUmQxaTRRVTlQWGVKMFJyMW1zM1diSUt0VzZrdzRQWDM4WTl1d3hrcS9rY3hrMU9Ea1lTS0VFUEEKLzlRU3ViRUNnZ0VCQUpFRlg1Q1NMR292ZzkzMGNiUXNIb29zV2VBRURuYW5CSVYzUFBwZ012V05tRmRjbUxEVQpCZjU1VnNHamxuUGROdWpzemdzT2VCM3dZd2Z0bWhNejhKV0lKdStubThja2VQK2p3QjRlaHVRNVEzM3g5SHFEClluY0o2S3hIdER0LzVPV1l3UUZNRHNkbGRaK1dhMjE3WHRnQlJUQWx6NnpEMWZCSE1IT3hiMGhEdm1pck5IN0sKdnJFSUxjeVBwa1Y0azlXeUtuZE5Cd3FLMlNENFZMeCtuMyttejZKdEF6OXpJNlR2NVd4WjQyTkd6VndMbVhVZwpMenhoOEQ3NXB0K1RsS1pVcEVJOUlnY2lobWxkNEluUU16VTVxSFI5Vy9ZMjJQRTIwNUJUbnRwaVZqWkVXWTkzCi85TU83dVNVdGxIeG9zd0szZFhtRUYrcjFjTzNBNjgxYjljQ2dnRUJBT0hSbFpWcUpwMTJVQkwzZFpEbDFETFMKQUJ2RURXb2ZUSTRDdEI3eERseldkVmJzeTd6UVBOejNhRnJJTEgyRWE3OFJ3bkFUK1pjYkJWdzlaeDR4RmVUVApRYjFmcEhFNytXb21qZWI4OVFJT3hXRE82TTQ4KzJ2TzE3b2JlN3hzQkEzYzZrUzZQTmpJQmFqcHllM09vbGl6CkZidEF1Q2R1dFF6dXMrVFI3dmVFNURkNElhWm1wcmkyZVIzWFRONmJTbUh2SkZDYzViK3p2a3hqV1ozU2tVVG4KREpFWDJoT0pNTGRGTS9QRVpjRVArRHp1ZGxQZzByaU1xWEFIdEUxbEo1ejN2YlpLQnBHSDEyVUloS21TNXVlTwp1SUJYU3U0aHRPZlFBSXU5bUQ5TWdYcEgyS09aajgvaHRIN1A5eHlka1NkbTFCNlVHQVFaVCtkNU1hR25PeE09Ci0tLS0tRU5EIFJTQSBQUklWQVRFIEtFWS0tLS0tCg==\n    token: nqo86hqmkjvfsqpvem6u4a401sl701irvx1z5u2upxmac2euj9xj0xd17bq1d0yfcg78uj52ut7s1ehsmswu91klyxxeo6eokyubr0khz89wovxwzgzmeoy58us2tsl4\n",
            "kubelet_identity": [
              {
                "client_id": "0b8d35ad-f32e-485c-be69-9e4d859d12dd",
                "object_id": "fcf4bb7d-08bf-4b92-9088-4d5d807a3329",
                "user_assigned_identity_id": "/subscriptions/dcef7009-6b94-4382-afdc-17eb160d709a/resourceGroups/MC_rg-spoke-aks-simple_aks-cluster_swedencentral/providers/Microsoft.ManagedIdentity/userAssignedIdentities/aks-cluster-agentpool"
              }
            ],
            "kubernetes_version": "1.32.4",
            "linux_profile": [],
            "local_account_disabled": false,
            "location": "swedencentral",
            "maintenance_window": [],
            "maintenance_window_auto_upgrade": [],
            "maintenance_window_node_os": [],
            "microsoft_defender": [],
            "monitor_metrics": [],
            "name": "aks-cluster",
            "network_profile": [
              {
                "dns_service_ip": "10.128.0.10",
                "ip_versions": [
                  "IPv4"
                ],
                "load_balancer_profile": [
                  {
                    "backend_pool_type": "NodeIPConfiguration",
                    "effective_outbound_ips": [
                      "/subscriptions/dcef7009-6b94-4382-afdc-17eb160d709a/resourceGroups/MC_rg-spoke-aks-simple_aks-cluster_swedencentral/providers/Microsoft.Network/publicIPAddresses/f8bd8de4-1375-4a48-92c4-85bd4048c36b"
                    ],
                    "idle_timeout_in_minutes": 0,
                    "managed_outbound_ip_count": 1,
                    "managed_outbound_ipv6_count": 0,
                    "outbound_ip_address_ids": [],
                    "outbound_ip_prefix_ids": [],
                    "outbound_ports_allocated": 0
                  }
                ],
                "load_balancer_sku": "standard",
                "nat_gateway_profile": [],
                "network_data_plane": "cilium",
                "network_mode": "",
                "network_plugin": "azure",
                "network_plugin_mode": "overlay",
                "network_policy": "cilium",
                "outbound_type": "loadBalancer",
                "pod_cidr": "10.10.240.0/20",
                "pod_cidrs": [
                  "10.10.240.0/20"
                ],
                "service_cidr": "10.128.0.0/22",
                "service_cidrs": [
                  "10.128.0.0/22"
                ]
              }
            ],
            "node_os_upgrade_channel": "NodeImage",
            "node_resource_group": "MC_rg-spoke-aks-simple_aks-cluster_swedencentral",
            "node_resource_group_id": "/subscriptions/dcef7009-6b94-4382-afdc-17eb160d709a/resourceGroups/MC_rg-spoke-aks-simple_aks-cluster_swedencentral",
            "oidc_issuer_enabled": false,
            "oidc_issuer_url": "",
            "oms_agent": [],
            "open_service_mesh_enabled": false,
            "portal_fqdn": "aks-qk5xj7ci.portal.hcp.swedencentral.azmk8s.io",
            "private_cluster_enabled": false,
            "private_cluster_public_fqdn_enabled": false,
            "private_dns_zone_id": "",
            "private_fqdn": "",
            "resource_group_name": "rg-spoke-aks-simple",
            "role_based_access_control_enabled": false,
            "run_command_enabled": false,
            "service_mesh_profile": [],
            "service_principal": [],
            "sku_tier": "Free",
            "storage_profile": [],
            "support_plan": "KubernetesOfficial",
            "tags": {},
            "timeouts": null,
            "upgrade_override": [],
            "web_app_routing": [],
            "windows_profile": [
              {
                "admin_password": "",
                "admin_username": "azureuser",
                "gmsa": [],
                "license": ""
              }
            ],
            "workload_autoscaler_profile": [],
            "workload_identity_enabled": false
          },
          "sensitive_attributes": [
            [
              {
                "type": "get_attr",
                "value": "kube_admin_config"
              }
            ],
            [
              {
                "type": "get_attr",
                "value": "kube_admin_config_raw"
              }
            ],
            [
              {
                "type": "get_attr",
                "value": "kube_config"
              }
            ],
            [
              {
                "type": "get_attr",
                "value": "kube_config_raw"
              }
            ],
            [
              {
                "type": "get_attr",
                "value": "windows_profile"
              },
              {
                "type": "index",
                "value": {
                  "value": 0,
                  "type": "number"
                }
              },
              {
                "type": "get_attr",
                "value": "admin_password"
              }
            ]
          ],
          "identity_schema_version": 0,
          "private": "eyJlMmJmYjczMC1lY2FhLTExZTYtOGY4OC0zNDM2M2JjN2M0YzAiOnsiY3JlYXRlIjo1NDAwMDAwMDAwMDAwLCJkZWxldGUiOjU0MDAwMDAwMDAwMDAsInJlYWQiOjMwMDAwMDAwMDAwMCwidXBkYXRlIjo1NDAwMDAwMDAwMDAwfSwic2NoZW1hX3ZlcnNpb24iOiIyIn0=",
          "dependencies": [
            "azurerm_resource_group.rg",
            "azurerm_route_table.route_table",
            "azurerm_subnet.snet_aks",
            "azurerm_subnet_route_table_association.association_rt_subnet_aks",
            "azurerm_user_assigned_identity.identity_aks",
            "azurerm_virtual_network.vnet_spoke_aks"
          ]
        }
      ]
    },
    {
      "mode": "managed",
      "type": "azurerm_resource_group",
      "name": "rg",
      "provider": "provider[\"registry.terraform.io/hashicorp/azurerm\"]",
      "instances": [
        {
          "schema_version": 0,
          "attributes": {
            "id": "/subscriptions/dcef7009-6b94-4382-afdc-17eb160d709a/resourceGroups/rg-spoke-aks-simple",
            "location": "swedencentral",
            "managed_by": "",
            "name": "rg-spoke-aks-simple",
            "tags": {},
            "timeouts": null
          },
          "sensitive_attributes": [],
          "identity_schema_version": 0,
          "private": "eyJlMmJmYjczMC1lY2FhLTExZTYtOGY4OC0zNDM2M2JjN2M0YzAiOnsiY3JlYXRlIjo1NDAwMDAwMDAwMDAwLCJkZWxldGUiOjU0MDAwMDAwMDAwMDAsInJlYWQiOjMwMDAwMDAwMDAwMCwidXBkYXRlIjo1NDAwMDAwMDAwMDAwfX0="
        }
      ]
    },
    {
      "mode": "managed",
      "type": "azurerm_role_assignment",
      "name": "role_identity_aks_network_contributor",
      "provider": "provider[\"registry.terraform.io/hashicorp/azurerm\"]",
      "instances": [
        {
          "schema_version": 0,
          "attributes": {
            "condition": "",
            "condition_version": "",
            "delegated_managed_identity_resource_id": "",
            "description": "",
            "id": "/subscriptions/dcef7009-6b94-4382-afdc-17eb160d709a/resourceGroups/rg-spoke-aks-simple/providers/Microsoft.Network/virtualNetworks/vnet-spoke-aks-simple/providers/Microsoft.Authorization/roleAssignments/d9e6e41e-bc8f-c871-15fb-42e82f3217c9",
            "name": "d9e6e41e-bc8f-c871-15fb-42e82f3217c9",
            "principal_id": "08a5fa42-c31d-4d7c-920f-e0ba98f46a24",
            "principal_type": "ServicePrincipal",
            "role_definition_id": "/subscriptions/dcef7009-6b94-4382-afdc-17eb160d709a/providers/Microsoft.Authorization/roleDefinitions/4d97b98b-1d4f-4787-a291-c67834d212e7",
            "role_definition_name": "Network Contributor",
            "scope": "/subscriptions/dcef7009-6b94-4382-afdc-17eb160d709a/resourceGroups/rg-spoke-aks-simple/providers/Microsoft.Network/virtualNetworks/vnet-spoke-aks-simple",
            "skip_service_principal_aad_check": true,
            "timeouts": null
          },
          "sensitive_attributes": [],
          "identity_schema_version": 0,
          "private": "eyJlMmJmYjczMC1lY2FhLTExZTYtOGY4OC0zNDM2M2JjN2M0YzAiOnsiY3JlYXRlIjoxODAwMDAwMDAwMDAwLCJkZWxldGUiOjE4MDAwMDAwMDAwMDAsInJlYWQiOjMwMDAwMDAwMDAwMH19",
          "dependencies": [
            "azurerm_resource_group.rg",
            "azurerm_user_assigned_identity.identity_aks",
            "azurerm_virtual_network.vnet_spoke_aks"
          ]
        }
      ]
    },
    {
      "mode": "managed",
      "type": "azurerm_role_assignment",
      "name": "role_identity_aks_network_contributor_subnet_apiserver",
      "provider": "provider[\"registry.terraform.io/hashicorp/azurerm\"]",
      "instances": [
        {
          "index_key": 0,
          "schema_version": 0,
          "attributes": {
            "condition": "",
            "condition_version": "",
            "delegated_managed_identity_resource_id": "",
            "description": "",
            "id": "/subscriptions/dcef7009-6b94-4382-afdc-17eb160d709a/resourceGroups/rg-spoke-aks-simple/providers/Microsoft.Network/virtualNetworks/vnet-spoke-aks-simple/subnets/snet-aks-apiserver/providers/Microsoft.Authorization/roleAssignments/a1af016c-0911-fff0-595b-dca70e6497b1",
            "name": "a1af016c-0911-fff0-595b-dca70e6497b1",
            "principal_id": "08a5fa42-c31d-4d7c-920f-e0ba98f46a24",
            "principal_type": "ServicePrincipal",
            "role_definition_id": "/subscriptions/dcef7009-6b94-4382-afdc-17eb160d709a/providers/Microsoft.Authorization/roleDefinitions/4d97b98b-1d4f-4787-a291-c67834d212e7",
            "role_definition_name": "Network Contributor",
            "scope": "/subscriptions/dcef7009-6b94-4382-afdc-17eb160d709a/resourceGroups/rg-spoke-aks-simple/providers/Microsoft.Network/virtualNetworks/vnet-spoke-aks-simple/subnets/snet-aks-apiserver",
            "skip_service_principal_aad_check": true,
            "timeouts": null
          },
          "sensitive_attributes": [],
          "identity_schema_version": 0,
          "private": "eyJlMmJmYjczMC1lY2FhLTExZTYtOGY4OC0zNDM2M2JjN2M0YzAiOnsiY3JlYXRlIjoxODAwMDAwMDAwMDAwLCJkZWxldGUiOjE4MDAwMDAwMDAwMDAsInJlYWQiOjMwMDAwMDAwMDAwMH19",
          "dependencies": [
            "azurerm_resource_group.rg",
            "azurerm_subnet.snet_aks_apiserver",
            "azurerm_user_assigned_identity.identity_aks",
            "azurerm_virtual_network.vnet_spoke_aks"
          ]
        }
      ]
    },
    {
      "mode": "managed",
      "type": "azurerm_route",
      "name": "route_to_firewall",
      "provider": "provider[\"registry.terraform.io/hashicorp/azurerm\"]",
      "instances": [
        {
          "schema_version": 0,
          "attributes": {
            "address_prefix": "0.0.0.0/0",
            "id": "/subscriptions/dcef7009-6b94-4382-afdc-17eb160d709a/resourceGroups/rg-spoke-aks-simple/providers/Microsoft.Network/routeTables/route-table/routes/route-to-firewall",
            "name": "route-to-firewall",
            "next_hop_in_ip_address": "172.16.0.4",
            "next_hop_type": "VirtualAppliance",
            "resource_group_name": "rg-spoke-aks-simple",
            "route_table_name": "route-table",
            "timeouts": null
          },
          "sensitive_attributes": [],
          "identity_schema_version": 0,
          "private": "eyJlMmJmYjczMC1lY2FhLTExZTYtOGY4OC0zNDM2M2JjN2M0YzAiOnsiY3JlYXRlIjoxODAwMDAwMDAwMDAwLCJkZWxldGUiOjE4MDAwMDAwMDAwMDAsInJlYWQiOjMwMDAwMDAwMDAwMCwidXBkYXRlIjoxODAwMDAwMDAwMDAwfX0=",
          "dependencies": [
            "azurerm_resource_group.rg",
            "azurerm_route_table.route_table",
            "data.terraform_remote_state.hub"
          ]
        }
      ]
    },
    {
      "mode": "managed",
      "type": "azurerm_route_table",
      "name": "route_table",
      "provider": "provider[\"registry.terraform.io/hashicorp/azurerm\"]",
      "instances": [
        {
          "schema_version": 0,
          "attributes": {
            "bgp_route_propagation_enabled": true,
            "id": "/subscriptions/dcef7009-6b94-4382-afdc-17eb160d709a/resourceGroups/rg-spoke-aks-simple/providers/Microsoft.Network/routeTables/route-table",
            "location": "swedencentral",
            "name": "route-table",
            "resource_group_name": "rg-spoke-aks-simple",
            "route": [
              {
                "address_prefix": "0.0.0.0/0",
                "name": "route-to-firewall",
                "next_hop_in_ip_address": "172.16.0.4",
                "next_hop_type": "VirtualAppliance"
              }
            ],
            "subnets": [
              "/subscriptions/dcef7009-6b94-4382-afdc-17eb160d709a/resourceGroups/rg-spoke-aks-simple/providers/Microsoft.Network/virtualNetworks/vnet-spoke-aks-simple/subnets/snet-aks"
            ],
            "tags": {},
            "timeouts": null
          },
          "sensitive_attributes": [],
          "identity_schema_version": 0,
          "private": "eyJlMmJmYjczMC1lY2FhLTExZTYtOGY4OC0zNDM2M2JjN2M0YzAiOnsiY3JlYXRlIjoxODAwMDAwMDAwMDAwLCJkZWxldGUiOjE4MDAwMDAwMDAwMDAsInJlYWQiOjMwMDAwMDAwMDAwMCwidXBkYXRlIjoxODAwMDAwMDAwMDAwfX0=",
          "dependencies": [
            "azurerm_resource_group.rg"
          ]
        }
      ]
    },
    {
      "mode": "managed",
      "type": "azurerm_subnet",
      "name": "snet_aks",
      "provider": "provider[\"registry.terraform.io/hashicorp/azurerm\"]",
      "instances": [
        {
          "schema_version": 0,
          "attributes": {
            "address_prefixes": [
              "10.1.1.0/24"
            ],
            "default_outbound_access_enabled": true,
            "delegation": [],
            "id": "/subscriptions/dcef7009-6b94-4382-afdc-17eb160d709a/resourceGroups/rg-spoke-aks-simple/providers/Microsoft.Network/virtualNetworks/vnet-spoke-aks-simple/subnets/snet-aks",
            "name": "snet-aks",
            "private_endpoint_network_policies": "Disabled",
            "private_link_service_network_policies_enabled": true,
            "resource_group_name": "rg-spoke-aks-simple",
            "service_endpoint_policy_ids": [],
            "service_endpoints": [],
            "timeouts": null,
            "virtual_network_name": "vnet-spoke-aks-simple"
          },
          "sensitive_attributes": [],
          "identity_schema_version": 0,
          "private": "eyJlMmJmYjczMC1lY2FhLTExZTYtOGY4OC0zNDM2M2JjN2M0YzAiOnsiY3JlYXRlIjoxODAwMDAwMDAwMDAwLCJkZWxldGUiOjE4MDAwMDAwMDAwMDAsInJlYWQiOjMwMDAwMDAwMDAwMCwidXBkYXRlIjoxODAwMDAwMDAwMDAwfX0=",
          "dependencies": [
            "azurerm_resource_group.rg",
            "azurerm_virtual_network.vnet_spoke_aks"
          ]
        }
      ]
    },
    {
      "mode": "managed",
      "type": "azurerm_subnet",
      "name": "snet_aks_apiserver",
      "provider": "provider[\"registry.terraform.io/hashicorp/azurerm\"]",
      "instances": [
        {
          "index_key": 0,
          "schema_version": 0,
          "attributes": {
            "address_prefixes": [
              "10.1.2.0/28"
            ],
            "default_outbound_access_enabled": true,
            "delegation": [
              {
                "name": "aks-apiserver-delegation",
                "service_delegation": [
                  {
                    "actions": [
                      "Microsoft.Network/virtualNetworks/subnets/join/action"
                    ],
                    "name": "Microsoft.ContainerService/managedClusters"
                  }
                ]
              }
            ],
            "id": "/subscriptions/dcef7009-6b94-4382-afdc-17eb160d709a/resourceGroups/rg-spoke-aks-simple/providers/Microsoft.Network/virtualNetworks/vnet-spoke-aks-simple/subnets/snet-aks-apiserver",
            "name": "snet-aks-apiserver",
            "private_endpoint_network_policies": "Disabled",
            "private_link_service_network_policies_enabled": true,
            "resource_group_name": "rg-spoke-aks-simple",
            "service_endpoint_policy_ids": [],
            "service_endpoints": [],
            "timeouts": null,
            "virtual_network_name": "vnet-spoke-aks-simple"
          },
          "sensitive_attributes": [],
          "identity_schema_version": 0,
          "private": "eyJlMmJmYjczMC1lY2FhLTExZTYtOGY4OC0zNDM2M2JjN2M0YzAiOnsiY3JlYXRlIjoxODAwMDAwMDAwMDAwLCJkZWxldGUiOjE4MDAwMDAwMDAwMDAsInJlYWQiOjMwMDAwMDAwMDAwMCwidXBkYXRlIjoxODAwMDAwMDAwMDAwfX0=",
          "dependencies": [
            "azurerm_resource_group.rg",
            "azurerm_virtual_network.vnet_spoke_aks"
          ]
        }
      ]
    },
    {
      "mode": "managed",
      "type": "azurerm_subnet_route_table_association",
      "name": "association_rt_subnet_aks",
      "provider": "provider[\"registry.terraform.io/hashicorp/azurerm\"]",
      "instances": [
        {
          "schema_version": 0,
          "attributes": {
            "id": "/subscriptions/dcef7009-6b94-4382-afdc-17eb160d709a/resourceGroups/rg-spoke-aks-simple/providers/Microsoft.Network/virtualNetworks/vnet-spoke-aks-simple/subnets/snet-aks",
            "route_table_id": "/subscriptions/dcef7009-6b94-4382-afdc-17eb160d709a/resourceGroups/rg-spoke-aks-simple/providers/Microsoft.Network/routeTables/route-table",
            "subnet_id": "/subscriptions/dcef7009-6b94-4382-afdc-17eb160d709a/resourceGroups/rg-spoke-aks-simple/providers/Microsoft.Network/virtualNetworks/vnet-spoke-aks-simple/subnets/snet-aks",
            "timeouts": null
          },
          "sensitive_attributes": [],
          "identity_schema_version": 0,
          "private": "eyJlMmJmYjczMC1lY2FhLTExZTYtOGY4OC0zNDM2M2JjN2M0YzAiOnsiY3JlYXRlIjoxODAwMDAwMDAwMDAwLCJkZWxldGUiOjE4MDAwMDAwMDAwMDAsInJlYWQiOjMwMDAwMDAwMDAwMH19",
          "dependencies": [
            "azurerm_resource_group.rg",
            "azurerm_route_table.route_table",
            "azurerm_subnet.snet_aks",
            "azurerm_virtual_network.vnet_spoke_aks"
          ]
        }
      ]
    },
    {
      "mode": "managed",
      "type": "azurerm_user_assigned_identity",
      "name": "identity_aks",
      "provider": "provider[\"registry.terraform.io/hashicorp/azurerm\"]",
      "instances": [
        {
          "schema_version": 1,
          "attributes": {
            "client_id": "d5c18577-9d3e-4516-8b0a-8da4ce1a7179",
            "id": "/subscriptions/dcef7009-6b94-4382-afdc-17eb160d709a/resourceGroups/rg-spoke-aks-simple/providers/Microsoft.ManagedIdentity/userAssignedIdentities/identity-aks",
            "location": "swedencentral",
            "name": "identity-aks",
            "principal_id": "08a5fa42-c31d-4d7c-920f-e0ba98f46a24",
            "resource_group_name": "rg-spoke-aks-simple",
            "tags": {},
            "tenant_id": "93139d1e-a3c1-4d78-9ed5-878be090eba4",
            "timeouts": null
          },
          "sensitive_attributes": [],
          "identity_schema_version": 0,
          "private": "eyJlMmJmYjczMC1lY2FhLTExZTYtOGY4OC0zNDM2M2JjN2M0YzAiOnsiY3JlYXRlIjoxODAwMDAwMDAwMDAwLCJkZWxldGUiOjE4MDAwMDAwMDAwMDAsInJlYWQiOjMwMDAwMDAwMDAwMCwidXBkYXRlIjoxODAwMDAwMDAwMDAwfSwic2NoZW1hX3ZlcnNpb24iOiIxIn0=",
          "dependencies": [
            "azurerm_resource_group.rg"
          ]
        }
      ]
    },
    {
      "mode": "managed",
      "type": "azurerm_virtual_network",
      "name": "vnet_spoke_aks",
      "provider": "provider[\"registry.terraform.io/hashicorp/azurerm\"]",
      "instances": [
        {
          "schema_version": 0,
          "attributes": {
            "address_space": [
              "10.1.0.0/16"
            ],
            "bgp_community": "",
            "ddos_protection_plan": [],
            "dns_servers": [],
            "edge_zone": "",
            "encryption": [],
            "flow_timeout_in_minutes": 0,
            "guid": "1eea84e4-9ab7-4246-b3ef-090c6d9231e8",
            "id": "/subscriptions/dcef7009-6b94-4382-afdc-17eb160d709a/resourceGroups/rg-spoke-aks-simple/providers/Microsoft.Network/virtualNetworks/vnet-spoke-aks-simple",
            "ip_address_pool": [],
            "location": "swedencentral",
            "name": "vnet-spoke-aks-simple",
            "private_endpoint_vnet_policies": "Disabled",
            "resource_group_name": "rg-spoke-aks-simple",
            "subnet": [
              {
                "address_prefixes": [
                  "10.1.1.0/24"
                ],
                "default_outbound_access_enabled": true,
                "delegation": [],
                "id": "/subscriptions/dcef7009-6b94-4382-afdc-17eb160d709a/resourceGroups/rg-spoke-aks-simple/providers/Microsoft.Network/virtualNetworks/vnet-spoke-aks-simple/subnets/snet-aks",
                "name": "snet-aks",
                "private_endpoint_network_policies": "Disabled",
                "private_link_service_network_policies_enabled": true,
                "route_table_id": "/subscriptions/dcef7009-6b94-4382-afdc-17eb160d709a/resourceGroups/rg-spoke-aks-simple/providers/Microsoft.Network/routeTables/route-table",
                "security_group": "",
                "service_endpoint_policy_ids": [],
                "service_endpoints": []
              },
              {
                "address_prefixes": [
                  "10.1.2.0/28"
                ],
                "default_outbound_access_enabled": true,
                "delegation": [
                  {
                    "name": "aks-apiserver-delegation",
                    "service_delegation": [
                      {
                        "actions": [
                          "Microsoft.Network/virtualNetworks/subnets/join/action"
                        ],
                        "name": "Microsoft.ContainerService/managedClusters"
                      }
                    ]
                  }
                ],
                "id": "/subscriptions/dcef7009-6b94-4382-afdc-17eb160d709a/resourceGroups/rg-spoke-aks-simple/providers/Microsoft.Network/virtualNetworks/vnet-spoke-aks-simple/subnets/snet-aks-apiserver",
                "name": "snet-aks-apiserver",
                "private_endpoint_network_policies": "Disabled",
                "private_link_service_network_policies_enabled": true,
                "route_table_id": "",
                "security_group": "",
                "service_endpoint_policy_ids": [],
                "service_endpoints": []
              }
            ],
            "tags": {},
            "timeouts": null
          },
          "sensitive_attributes": [],
          "identity_schema_version": 0,
          "private": "eyJlMmJmYjczMC1lY2FhLTExZTYtOGY4OC0zNDM2M2JjN2M0YzAiOnsiY3JlYXRlIjoxODAwMDAwMDAwMDAwLCJkZWxldGUiOjE4MDAwMDAwMDAwMDAsInJlYWQiOjMwMDAwMDAwMDAwMCwidXBkYXRlIjoxODAwMDAwMDAwMDAwfX0=",
          "dependencies": [
            "azurerm_resource_group.rg"
          ]
        }
      ]
    },
    {
      "mode": "managed",
      "type": "terraform_data",
      "name": "aks-get-credentials",
      "provider": "provider[\"terraform.io/builtin/terraform\"]",
      "instances": [
        {
          "schema_version": 0,
          "attributes": {
            "id": "6a04f5e5-f86d-80d9-2f8f-15e671b6e08a",
            "input": null,
            "output": null,
            "triggers_replace": {
              "value": [
                "/subscriptions/dcef7009-6b94-4382-afdc-17eb160d709a/resourceGroups/rg-spoke-aks-simple/providers/Microsoft.ContainerService/managedClusters/aks-cluster"
              ],
              "type": [
                "tuple",
                [
                  "string"
                ]
              ]
            }
          },
          "sensitive_attributes": [],
          "identity_schema_version": 0,
          "dependencies": [
            "azurerm_kubernetes_cluster.aks",
            "azurerm_resource_group.rg",
            "azurerm_route_table.route_table",
            "azurerm_subnet.snet_aks",
            "azurerm_subnet_route_table_association.association_rt_subnet_aks",
            "azurerm_user_assigned_identity.identity_aks",
            "azurerm_virtual_network.vnet_spoke_aks"
          ]
        }
      ]
    },
    {
      "module": "module.virtual_network_peering_hub_and_spoke_aks",
      "mode": "managed",
      "type": "azurerm_virtual_network_peering",
      "name": "vnet_peering_hub_to_spoke",
      "provider": "provider[\"registry.terraform.io/hashicorp/azurerm\"]",
      "instances": [
        {
          "schema_version": 0,
          "attributes": {
            "allow_forwarded_traffic": true,
            "allow_gateway_transit": false,
            "allow_virtual_network_access": true,
            "id": "/subscriptions/dcef7009-6b94-4382-afdc-17eb160d709a/resourceGroups/rg-hub/providers/Microsoft.Network/virtualNetworks/vnet-hub/virtualNetworkPeerings/vnet_peering_hub_to_vnet-spoke-aks-simple",
            "local_subnet_names": [],
            "name": "vnet_peering_hub_to_vnet-spoke-aks-simple",
            "only_ipv6_peering_enabled": false,
            "peer_complete_virtual_networks_enabled": true,
            "remote_subnet_names": [],
            "remote_virtual_network_id": "/subscriptions/dcef7009-6b94-4382-afdc-17eb160d709a/resourceGroups/rg-spoke-aks-simple/providers/Microsoft.Network/virtualNetworks/vnet-spoke-aks-simple",
            "resource_group_name": "rg-hub",
            "timeouts": null,
            "triggers": null,
            "use_remote_gateways": false,
            "virtual_network_name": "vnet-hub"
          },
          "sensitive_attributes": [],
          "identity_schema_version": 0,
          "private": "eyJlMmJmYjczMC1lY2FhLTExZTYtOGY4OC0zNDM2M2JjN2M0YzAiOnsiY3JlYXRlIjoxODAwMDAwMDAwMDAwLCJkZWxldGUiOjE4MDAwMDAwMDAwMDAsInJlYWQiOjMwMDAwMDAwMDAwMCwidXBkYXRlIjoxODAwMDAwMDAwMDAwfX0=",
          "dependencies": [
            "azurerm_resource_group.rg",
            "azurerm_virtual_network.vnet_spoke_aks",
            "data.terraform_remote_state.hub"
          ]
        }
      ]
    },
    {
      "module": "module.virtual_network_peering_hub_and_spoke_aks",
      "mode": "managed",
      "type": "azurerm_virtual_network_peering",
      "name": "vnet_peering_spoke_to_hub",
      "provider": "provider[\"registry.terraform.io/hashicorp/azurerm\"]",
      "instances": [
        {
          "schema_version": 0,
          "attributes": {
            "allow_forwarded_traffic": true,
            "allow_gateway_transit": false,
            "allow_virtual_network_access": true,
            "id": "/subscriptions/dcef7009-6b94-4382-afdc-17eb160d709a/resourceGroups/rg-spoke-aks-simple/providers/Microsoft.Network/virtualNetworks/vnet-spoke-aks-simple/virtualNetworkPeerings/vnet_peering_vnet-spoke-aks-simple_to_hub",
            "local_subnet_names": [],
            "name": "vnet_peering_vnet-spoke-aks-simple_to_hub",
            "only_ipv6_peering_enabled": false,
            "peer_complete_virtual_networks_enabled": true,
            "remote_subnet_names": [],
            "remote_virtual_network_id": "/subscriptions/dcef7009-6b94-4382-afdc-17eb160d709a/resourceGroups/rg-hub/providers/Microsoft.Network/virtualNetworks/vnet-hub",
            "resource_group_name": "rg-spoke-aks-simple",
            "timeouts": null,
            "triggers": null,
            "use_remote_gateways": false,
            "virtual_network_name": "vnet-spoke-aks-simple"
          },
          "sensitive_attributes": [],
          "identity_schema_version": 0,
          "private": "eyJlMmJmYjczMC1lY2FhLTExZTYtOGY4OC0zNDM2M2JjN2M0YzAiOnsiY3JlYXRlIjoxODAwMDAwMDAwMDAwLCJkZWxldGUiOjE4MDAwMDAwMDAwMDAsInJlYWQiOjMwMDAwMDAwMDAwMCwidXBkYXRlIjoxODAwMDAwMDAwMDAwfX0=",
          "dependencies": [
            "azurerm_resource_group.rg",
            "azurerm_virtual_network.vnet_spoke_aks",
            "data.terraform_remote_state.hub"
          ]
        }
      ]
    }
  ],
  "check_results": null
}
