{
  "version": 4,
  "terraform_version": "1.3.7",
  "serial": 216,
  "lineage": "9d789013-4320-d4ad-1f53-e20846861be9",
  "outputs": {
    "azurerm_resources_nsg_flowlogs": {
      "value": [
        "nsg_subnet-apiserver",
        "nsg_subnet-nodes",
        "nsg_subnet-pods",
        "nsg_subnet-spoke-aks-pe",
        "nsg_subnet-mgt",
        "nsg_test"
      ],
      "type": [
        "list",
        "string"
      ]
    },
    "nsg": {
      "value": {
        "nsg_subnet-apiserver": {
          "id": "/subscriptions/82f6d75e-85f4-434a-ab74-5dddd9fa8910/resourceGroups/rg-spoke-aks/providers/Microsoft.Network/networkSecurityGroups/nsg_subnet-apiserver",
          "name": "nsg_subnet-apiserver"
        },
        "nsg_subnet-mgt": {
          "id": "/subscriptions/82f6d75e-85f4-434a-ab74-5dddd9fa8910/resourceGroups/rg-spoke-mgt/providers/Microsoft.Network/networkSecurityGroups/nsg_subnet-mgt",
          "name": "nsg_subnet-mgt"
        },
        "nsg_subnet-nodes": {
          "id": "/subscriptions/82f6d75e-85f4-434a-ab74-5dddd9fa8910/resourceGroups/rg-spoke-aks/providers/Microsoft.Network/networkSecurityGroups/nsg_subnet-nodes",
          "name": "nsg_subnet-nodes"
        },
        "nsg_subnet-pods": {
          "id": "/subscriptions/82f6d75e-85f4-434a-ab74-5dddd9fa8910/resourceGroups/rg-spoke-aks/providers/Microsoft.Network/networkSecurityGroups/nsg_subnet-pods",
          "name": "nsg_subnet-pods"
        },
        "nsg_subnet-spoke-aks-pe": {
          "id": "/subscriptions/82f6d75e-85f4-434a-ab74-5dddd9fa8910/resourceGroups/rg-spoke-aks/providers/Microsoft.Network/networkSecurityGroups/nsg_subnet-spoke-aks-pe",
          "name": "nsg_subnet-spoke-aks-pe"
        },
        "nsg_test": {
          "id": "/subscriptions/82f6d75e-85f4-434a-ab74-5dddd9fa8910/resourceGroups/rg-spoke-mgt/providers/Microsoft.Network/networkSecurityGroups/nsg_test",
          "name": "nsg_test"
        }
      },
      "type": [
        "map",
        [
          "object",
          {
            "id": "string",
            "name": "string"
          }
        ]
      ]
    }
  },
  "resources": [
    {
      "mode": "data",
      "type": "azurerm_log_analytics_workspace",
      "name": "workspace",
      "provider": "provider[\"registry.terraform.io/hashicorp/azurerm\"]",
      "instances": [
        {
          "schema_version": 0,
          "attributes": {
            "daily_quota_gb": -1,
            "id": "/subscriptions/82f6d75e-85f4-434a-ab74-5dddd9fa8910/resourceGroups/rg-spoke-shared/providers/Microsoft.OperationalInsights/workspaces/loganalyticsforaks011",
            "location": "westeurope",
            "name": "loganalyticsforaks011",
            "primary_shared_key": "I8Hj70LgIcwJt6RBZ77etc7kqoCeum62/lCdg24oAATRiboUXyOV4U9d0KG8wHaVT3poHx+UGwX3dc67eEseXA==",
            "resource_group_name": "rg-spoke-shared",
            "retention_in_days": 30,
            "secondary_shared_key": "12B1GtqcpXpTheCsSO/tMzytabiYTe4cI3+v46XdzcTsh9KfYS/vE+2PJV0jCC6XOoqo/S/R/r1b9qxpKQLkYg==",
            "sku": "PerGB2018",
            "tags": {
              "architecture": "Hub\u0026Spoke",
              "environment": "development",
              "source": "terraform"
            },
            "timeouts": null,
            "workspace_id": "05ba4213-c985-447f-ba93-dc808bc7c8f6"
          },
          "sensitive_attributes": []
        }
      ]
    },
    {
      "mode": "data",
      "type": "azurerm_network_watcher",
      "name": "network_watcher_regional",
      "provider": "provider[\"registry.terraform.io/hashicorp/azurerm\"]",
      "instances": [
        {
          "schema_version": 0,
          "attributes": {
            "id": "/subscriptions/82f6d75e-85f4-434a-ab74-5dddd9fa8910/resourceGroups/NetworkWatcherRG/providers/Microsoft.Network/networkWatchers/NetworkWatcher_westeurope",
            "location": "westeurope",
            "name": "NetworkWatcher_westeurope",
            "resource_group_name": "NetworkWatcherRG",
            "tags": {},
            "timeouts": null
          },
          "sensitive_attributes": []
        }
      ]
    },
    {
      "mode": "data",
      "type": "azurerm_resources",
      "name": "nsg_flowlogs",
      "provider": "provider[\"registry.terraform.io/hashicorp/azurerm\"]",
      "instances": [
        {
          "schema_version": 0,
          "attributes": {
            "id": "resource-f7d299b9-8c78-4a74-9754-bce1c730dffb",
            "name": null,
            "required_tags": {
              "architecture": "Hub\u0026Spoke",
              "environment": "development",
              "source": "terraform"
            },
            "resource_group_name": null,
            "resources": [
              {
                "id": "/subscriptions/82f6d75e-85f4-434a-ab74-5dddd9fa8910/resourceGroups/rg-spoke-aks/providers/Microsoft.Network/networkSecurityGroups/nsg_subnet-apiserver",
                "location": "westeurope",
                "name": "nsg_subnet-apiserver",
                "tags": {
                  "architecture": "Hub\u0026Spoke",
                  "environment": "development",
                  "source": "terraform"
                },
                "type": "Microsoft.Network/networkSecurityGroups"
              },
              {
                "id": "/subscriptions/82f6d75e-85f4-434a-ab74-5dddd9fa8910/resourceGroups/rg-spoke-aks/providers/Microsoft.Network/networkSecurityGroups/nsg_subnet-nodes",
                "location": "westeurope",
                "name": "nsg_subnet-nodes",
                "tags": {
                  "architecture": "Hub\u0026Spoke",
                  "environment": "development",
                  "source": "terraform"
                },
                "type": "Microsoft.Network/networkSecurityGroups"
              },
              {
                "id": "/subscriptions/82f6d75e-85f4-434a-ab74-5dddd9fa8910/resourceGroups/rg-spoke-aks/providers/Microsoft.Network/networkSecurityGroups/nsg_subnet-pods",
                "location": "westeurope",
                "name": "nsg_subnet-pods",
                "tags": {
                  "architecture": "Hub\u0026Spoke",
                  "environment": "development",
                  "source": "terraform"
                },
                "type": "Microsoft.Network/networkSecurityGroups"
              },
              {
                "id": "/subscriptions/82f6d75e-85f4-434a-ab74-5dddd9fa8910/resourceGroups/rg-spoke-aks/providers/Microsoft.Network/networkSecurityGroups/nsg_subnet-spoke-aks-pe",
                "location": "westeurope",
                "name": "nsg_subnet-spoke-aks-pe",
                "tags": {
                  "architecture": "Hub\u0026Spoke",
                  "environment": "development",
                  "source": "terraform"
                },
                "type": "Microsoft.Network/networkSecurityGroups"
              },
              {
                "id": "/subscriptions/82f6d75e-85f4-434a-ab74-5dddd9fa8910/resourceGroups/rg-spoke-mgt/providers/Microsoft.Network/networkSecurityGroups/nsg_subnet-mgt",
                "location": "westeurope",
                "name": "nsg_subnet-mgt",
                "tags": {
                  "architecture": "Hub\u0026Spoke",
                  "environment": "development",
                  "source": "terraform"
                },
                "type": "Microsoft.Network/networkSecurityGroups"
              },
              {
                "id": "/subscriptions/82f6d75e-85f4-434a-ab74-5dddd9fa8910/resourceGroups/rg-spoke-mgt/providers/Microsoft.Network/networkSecurityGroups/nsg_test",
                "location": "westeurope",
                "name": "nsg_test",
                "tags": {
                  "architecture": "Hub\u0026Spoke",
                  "environment": "development",
                  "source": "terraform"
                },
                "type": "Microsoft.Network/networkSecurityGroups"
              }
            ],
            "timeouts": null,
            "type": "Microsoft.Network/networkSecurityGroups"
          },
          "sensitive_attributes": []
        }
      ]
    },
    {
      "mode": "managed",
      "type": "azurerm_storage_account",
      "name": "network_log_data",
      "provider": "provider[\"registry.terraform.io/hashicorp/azurerm\"]",
      "instances": [
        {
          "index_key": 0,
          "schema_version": 3,
          "attributes": {
            "access_tier": "Hot",
            "account_kind": "StorageV2",
            "account_replication_type": "LRS",
            "account_tier": "Standard",
            "allow_nested_items_to_be_public": true,
            "allowed_copy_scope": "",
            "azure_files_authentication": [],
            "blob_properties": [
              {
                "change_feed_enabled": false,
                "change_feed_retention_in_days": 0,
                "container_delete_retention_policy": [],
                "cors_rule": [],
                "default_service_version": "",
                "delete_retention_policy": [],
                "last_access_time_enabled": false,
                "restore_policy": [],
                "versioning_enabled": false
              }
            ],
            "cross_tenant_replication_enabled": true,
            "custom_domain": [],
            "customer_managed_key": [],
            "default_to_oauth_authentication": false,
            "edge_zone": "",
            "enable_https_traffic_only": true,
            "id": "/subscriptions/82f6d75e-85f4-434a-ab74-5dddd9fa8910/resourceGroups/NetworkWatcherRG/providers/Microsoft.Storage/storageAccounts/storageforlogs011",
            "identity": [],
            "immutability_policy": [],
            "infrastructure_encryption_enabled": false,
            "is_hns_enabled": false,
            "large_file_share_enabled": null,
            "location": "westeurope",
            "min_tls_version": "TLS1_2",
            "name": "storageforlogs011",
            "network_rules": [
              {
                "bypass": [
                  "AzureServices"
                ],
                "default_action": "Allow",
                "ip_rules": [],
                "private_link_access": [],
                "virtual_network_subnet_ids": []
              }
            ],
            "nfsv3_enabled": false,
            "primary_access_key": "Ds6SDgINpkoIt1gV6WAvlwNH8fLvELIivxi1CWPCA9MDTsEYLTFI2c3zxgZkF1mqSwB5x43FXnr3+ASt6Ls97w==",
            "primary_blob_connection_string": "DefaultEndpointsProtocol=https;BlobEndpoint=https://storageforlogs011.blob.core.windows.net/;AccountName=storageforlogs011;AccountKey=Ds6SDgINpkoIt1gV6WAvlwNH8fLvELIivxi1CWPCA9MDTsEYLTFI2c3zxgZkF1mqSwB5x43FXnr3+ASt6Ls97w==",
            "primary_blob_endpoint": "https://storageforlogs011.blob.core.windows.net/",
            "primary_blob_host": "storageforlogs011.blob.core.windows.net",
            "primary_connection_string": "DefaultEndpointsProtocol=https;AccountName=storageforlogs011;AccountKey=Ds6SDgINpkoIt1gV6WAvlwNH8fLvELIivxi1CWPCA9MDTsEYLTFI2c3zxgZkF1mqSwB5x43FXnr3+ASt6Ls97w==;EndpointSuffix=core.windows.net",
            "primary_dfs_endpoint": "https://storageforlogs011.dfs.core.windows.net/",
            "primary_dfs_host": "storageforlogs011.dfs.core.windows.net",
            "primary_file_endpoint": "https://storageforlogs011.file.core.windows.net/",
            "primary_file_host": "storageforlogs011.file.core.windows.net",
            "primary_location": "westeurope",
            "primary_queue_endpoint": "https://storageforlogs011.queue.core.windows.net/",
            "primary_queue_host": "storageforlogs011.queue.core.windows.net",
            "primary_table_endpoint": "https://storageforlogs011.table.core.windows.net/",
            "primary_table_host": "storageforlogs011.table.core.windows.net",
            "primary_web_endpoint": "https://storageforlogs011.z6.web.core.windows.net/",
            "primary_web_host": "storageforlogs011.z6.web.core.windows.net",
            "public_network_access_enabled": true,
            "queue_encryption_key_type": "Service",
            "queue_properties": [
              {
                "cors_rule": [],
                "hour_metrics": [
                  {
                    "enabled": true,
                    "include_apis": true,
                    "retention_policy_days": 7,
                    "version": "1.0"
                  }
                ],
                "logging": [
                  {
                    "delete": false,
                    "read": false,
                    "retention_policy_days": 0,
                    "version": "1.0",
                    "write": false
                  }
                ],
                "minute_metrics": [
                  {
                    "enabled": false,
                    "include_apis": false,
                    "retention_policy_days": 0,
                    "version": "1.0"
                  }
                ]
              }
            ],
            "resource_group_name": "NetworkWatcherRG",
            "routing": [],
            "sas_policy": [],
            "secondary_access_key": "Za+udxbPwWsI4WmWx3skZ2dVIlaARKUPgbs8mK8EivGbZWZsFoQyFGuJqU0TMmPDE6b8IVN1GkZL+AStq/ZvcA==",
            "secondary_blob_connection_string": "",
            "secondary_blob_endpoint": null,
            "secondary_blob_host": null,
            "secondary_connection_string": "DefaultEndpointsProtocol=https;AccountName=storageforlogs011;AccountKey=Za+udxbPwWsI4WmWx3skZ2dVIlaARKUPgbs8mK8EivGbZWZsFoQyFGuJqU0TMmPDE6b8IVN1GkZL+AStq/ZvcA==;EndpointSuffix=core.windows.net",
            "secondary_dfs_endpoint": null,
            "secondary_dfs_host": null,
            "secondary_file_endpoint": null,
            "secondary_file_host": null,
            "secondary_location": "",
            "secondary_queue_endpoint": null,
            "secondary_queue_host": null,
            "secondary_table_endpoint": null,
            "secondary_table_host": null,
            "secondary_web_endpoint": null,
            "secondary_web_host": null,
            "sftp_enabled": false,
            "share_properties": [
              {
                "cors_rule": [],
                "retention_policy": [
                  {
                    "days": 7
                  }
                ],
                "smb": []
              }
            ],
            "shared_access_key_enabled": true,
            "static_website": [],
            "table_encryption_key_type": "Service",
            "tags": {
              "architecture": "Hub\u0026Spoke",
              "environment": "development",
              "source": "terraform"
            },
            "timeouts": null
          },
          "sensitive_attributes": [],
          "private": "eyJlMmJmYjczMC1lY2FhLTExZTYtOGY4OC0zNDM2M2JjN2M0YzAiOnsiY3JlYXRlIjozNjAwMDAwMDAwMDAwLCJkZWxldGUiOjM2MDAwMDAwMDAwMDAsInJlYWQiOjMwMDAwMDAwMDAwMCwidXBkYXRlIjozNjAwMDAwMDAwMDAwfSwic2NoZW1hX3ZlcnNpb24iOiIzIn0="
        }
      ]
    },
    {
      "module": "module.azurerm_network_watcher_flow_log[\"nsg_subnet-apiserver\"]",
      "mode": "managed",
      "type": "azurerm_network_watcher_flow_log",
      "name": "network_flow_logs",
      "provider": "provider[\"registry.terraform.io/hashicorp/azurerm\"]",
      "instances": [
        {
          "schema_version": 1,
          "attributes": {
            "enabled": true,
            "id": "/subscriptions/82f6d75e-85f4-434a-ab74-5dddd9fa8910/resourceGroups/NetworkWatcherRG/providers/Microsoft.Network/networkWatchers/NetworkWatcher_westeurope/flowLogs/nsg_subnet-apiserver",
            "location": "westeurope",
            "name": "nsg_subnet-apiserver",
            "network_security_group_id": "/subscriptions/82f6d75e-85f4-434a-ab74-5dddd9fa8910/resourceGroups/rg-spoke-aks/providers/Microsoft.Network/networkSecurityGroups/nsg_subnet-apiserver",
            "network_watcher_name": "NetworkWatcher_westeurope",
            "resource_group_name": "NetworkWatcherRG",
            "retention_policy": [
              {
                "days": 7,
                "enabled": true
              }
            ],
            "storage_account_id": "/subscriptions/82f6d75e-85f4-434a-ab74-5dddd9fa8910/resourceGroups/NetworkWatcherRG/providers/Microsoft.Storage/storageAccounts/storageforlogs011",
            "tags": null,
            "timeouts": null,
            "traffic_analytics": [
              {
                "enabled": true,
                "interval_in_minutes": 10,
                "workspace_id": "05ba4213-c985-447f-ba93-dc808bc7c8f6",
                "workspace_region": "westeurope",
                "workspace_resource_id": "/subscriptions/82f6d75e-85f4-434a-ab74-5dddd9fa8910/resourceGroups/rg-spoke-shared/providers/Microsoft.OperationalInsights/workspaces/loganalyticsforaks011"
              }
            ],
            "version": 2
          },
          "sensitive_attributes": [],
          "private": "eyJlMmJmYjczMC1lY2FhLTExZTYtOGY4OC0zNDM2M2JjN2M0YzAiOnsiY3JlYXRlIjoxODAwMDAwMDAwMDAwLCJkZWxldGUiOjE4MDAwMDAwMDAwMDAsInJlYWQiOjMwMDAwMDAwMDAwMCwidXBkYXRlIjoxODAwMDAwMDAwMDAwfSwic2NoZW1hX3ZlcnNpb24iOiIxIn0=",
          "dependencies": [
            "azurerm_storage_account.network_log_data",
            "data.azurerm_log_analytics_workspace.workspace",
            "data.azurerm_network_watcher.network_watcher_regional",
            "data.azurerm_resources.nsg_flowlogs"
          ]
        }
      ]
    },
    {
      "module": "module.azurerm_network_watcher_flow_log[\"nsg_subnet-mgt\"]",
      "mode": "managed",
      "type": "azurerm_network_watcher_flow_log",
      "name": "network_flow_logs",
      "provider": "provider[\"registry.terraform.io/hashicorp/azurerm\"]",
      "instances": [
        {
          "schema_version": 1,
          "attributes": {
            "enabled": true,
            "id": "/subscriptions/82f6d75e-85f4-434a-ab74-5dddd9fa8910/resourceGroups/NetworkWatcherRG/providers/Microsoft.Network/networkWatchers/NetworkWatcher_westeurope/flowLogs/nsg_subnet-mgt",
            "location": "westeurope",
            "name": "nsg_subnet-mgt",
            "network_security_group_id": "/subscriptions/82f6d75e-85f4-434a-ab74-5dddd9fa8910/resourceGroups/rg-spoke-mgt/providers/Microsoft.Network/networkSecurityGroups/nsg_subnet-mgt",
            "network_watcher_name": "NetworkWatcher_westeurope",
            "resource_group_name": "NetworkWatcherRG",
            "retention_policy": [
              {
                "days": 7,
                "enabled": true
              }
            ],
            "storage_account_id": "/subscriptions/82f6d75e-85f4-434a-ab74-5dddd9fa8910/resourceGroups/NetworkWatcherRG/providers/Microsoft.Storage/storageAccounts/storageforlogs011",
            "tags": null,
            "timeouts": null,
            "traffic_analytics": [
              {
                "enabled": true,
                "interval_in_minutes": 10,
                "workspace_id": "05ba4213-c985-447f-ba93-dc808bc7c8f6",
                "workspace_region": "westeurope",
                "workspace_resource_id": "/subscriptions/82f6d75e-85f4-434a-ab74-5dddd9fa8910/resourceGroups/rg-spoke-shared/providers/Microsoft.OperationalInsights/workspaces/loganalyticsforaks011"
              }
            ],
            "version": 2
          },
          "sensitive_attributes": [],
          "private": "eyJlMmJmYjczMC1lY2FhLTExZTYtOGY4OC0zNDM2M2JjN2M0YzAiOnsiY3JlYXRlIjoxODAwMDAwMDAwMDAwLCJkZWxldGUiOjE4MDAwMDAwMDAwMDAsInJlYWQiOjMwMDAwMDAwMDAwMCwidXBkYXRlIjoxODAwMDAwMDAwMDAwfSwic2NoZW1hX3ZlcnNpb24iOiIxIn0=",
          "dependencies": [
            "azurerm_storage_account.network_log_data",
            "data.azurerm_log_analytics_workspace.workspace",
            "data.azurerm_network_watcher.network_watcher_regional",
            "data.azurerm_resources.nsg_flowlogs"
          ]
        }
      ]
    },
    {
      "module": "module.azurerm_network_watcher_flow_log[\"nsg_subnet-nodes\"]",
      "mode": "managed",
      "type": "azurerm_network_watcher_flow_log",
      "name": "network_flow_logs",
      "provider": "provider[\"registry.terraform.io/hashicorp/azurerm\"]",
      "instances": [
        {
          "schema_version": 1,
          "attributes": {
            "enabled": true,
            "id": "/subscriptions/82f6d75e-85f4-434a-ab74-5dddd9fa8910/resourceGroups/NetworkWatcherRG/providers/Microsoft.Network/networkWatchers/NetworkWatcher_westeurope/flowLogs/nsg_subnet-nodes",
            "location": "westeurope",
            "name": "nsg_subnet-nodes",
            "network_security_group_id": "/subscriptions/82f6d75e-85f4-434a-ab74-5dddd9fa8910/resourceGroups/rg-spoke-aks/providers/Microsoft.Network/networkSecurityGroups/nsg_subnet-nodes",
            "network_watcher_name": "NetworkWatcher_westeurope",
            "resource_group_name": "NetworkWatcherRG",
            "retention_policy": [
              {
                "days": 7,
                "enabled": true
              }
            ],
            "storage_account_id": "/subscriptions/82f6d75e-85f4-434a-ab74-5dddd9fa8910/resourceGroups/NetworkWatcherRG/providers/Microsoft.Storage/storageAccounts/storageforlogs011",
            "tags": null,
            "timeouts": null,
            "traffic_analytics": [
              {
                "enabled": true,
                "interval_in_minutes": 10,
                "workspace_id": "05ba4213-c985-447f-ba93-dc808bc7c8f6",
                "workspace_region": "westeurope",
                "workspace_resource_id": "/subscriptions/82f6d75e-85f4-434a-ab74-5dddd9fa8910/resourceGroups/rg-spoke-shared/providers/Microsoft.OperationalInsights/workspaces/loganalyticsforaks011"
              }
            ],
            "version": 2
          },
          "sensitive_attributes": [],
          "private": "eyJlMmJmYjczMC1lY2FhLTExZTYtOGY4OC0zNDM2M2JjN2M0YzAiOnsiY3JlYXRlIjoxODAwMDAwMDAwMDAwLCJkZWxldGUiOjE4MDAwMDAwMDAwMDAsInJlYWQiOjMwMDAwMDAwMDAwMCwidXBkYXRlIjoxODAwMDAwMDAwMDAwfSwic2NoZW1hX3ZlcnNpb24iOiIxIn0=",
          "dependencies": [
            "azurerm_storage_account.network_log_data",
            "data.azurerm_log_analytics_workspace.workspace",
            "data.azurerm_network_watcher.network_watcher_regional",
            "data.azurerm_resources.nsg_flowlogs"
          ]
        }
      ]
    },
    {
      "module": "module.azurerm_network_watcher_flow_log[\"nsg_subnet-pods\"]",
      "mode": "managed",
      "type": "azurerm_network_watcher_flow_log",
      "name": "network_flow_logs",
      "provider": "provider[\"registry.terraform.io/hashicorp/azurerm\"]",
      "instances": [
        {
          "schema_version": 1,
          "attributes": {
            "enabled": true,
            "id": "/subscriptions/82f6d75e-85f4-434a-ab74-5dddd9fa8910/resourceGroups/NetworkWatcherRG/providers/Microsoft.Network/networkWatchers/NetworkWatcher_westeurope/flowLogs/nsg_subnet-pods",
            "location": "westeurope",
            "name": "nsg_subnet-pods",
            "network_security_group_id": "/subscriptions/82f6d75e-85f4-434a-ab74-5dddd9fa8910/resourceGroups/rg-spoke-aks/providers/Microsoft.Network/networkSecurityGroups/nsg_subnet-pods",
            "network_watcher_name": "NetworkWatcher_westeurope",
            "resource_group_name": "NetworkWatcherRG",
            "retention_policy": [
              {
                "days": 7,
                "enabled": true
              }
            ],
            "storage_account_id": "/subscriptions/82f6d75e-85f4-434a-ab74-5dddd9fa8910/resourceGroups/NetworkWatcherRG/providers/Microsoft.Storage/storageAccounts/storageforlogs011",
            "tags": null,
            "timeouts": null,
            "traffic_analytics": [
              {
                "enabled": true,
                "interval_in_minutes": 10,
                "workspace_id": "05ba4213-c985-447f-ba93-dc808bc7c8f6",
                "workspace_region": "westeurope",
                "workspace_resource_id": "/subscriptions/82f6d75e-85f4-434a-ab74-5dddd9fa8910/resourceGroups/rg-spoke-shared/providers/Microsoft.OperationalInsights/workspaces/loganalyticsforaks011"
              }
            ],
            "version": 2
          },
          "sensitive_attributes": [],
          "private": "eyJlMmJmYjczMC1lY2FhLTExZTYtOGY4OC0zNDM2M2JjN2M0YzAiOnsiY3JlYXRlIjoxODAwMDAwMDAwMDAwLCJkZWxldGUiOjE4MDAwMDAwMDAwMDAsInJlYWQiOjMwMDAwMDAwMDAwMCwidXBkYXRlIjoxODAwMDAwMDAwMDAwfSwic2NoZW1hX3ZlcnNpb24iOiIxIn0=",
          "dependencies": [
            "azurerm_storage_account.network_log_data",
            "data.azurerm_log_analytics_workspace.workspace",
            "data.azurerm_network_watcher.network_watcher_regional",
            "data.azurerm_resources.nsg_flowlogs"
          ]
        }
      ]
    },
    {
      "module": "module.azurerm_network_watcher_flow_log[\"nsg_subnet-spoke-aks-pe\"]",
      "mode": "managed",
      "type": "azurerm_network_watcher_flow_log",
      "name": "network_flow_logs",
      "provider": "provider[\"registry.terraform.io/hashicorp/azurerm\"]",
      "instances": [
        {
          "schema_version": 1,
          "attributes": {
            "enabled": true,
            "id": "/subscriptions/82f6d75e-85f4-434a-ab74-5dddd9fa8910/resourceGroups/NetworkWatcherRG/providers/Microsoft.Network/networkWatchers/NetworkWatcher_westeurope/flowLogs/nsg_subnet-spoke-aks-pe",
            "location": "westeurope",
            "name": "nsg_subnet-spoke-aks-pe",
            "network_security_group_id": "/subscriptions/82f6d75e-85f4-434a-ab74-5dddd9fa8910/resourceGroups/rg-spoke-aks/providers/Microsoft.Network/networkSecurityGroups/nsg_subnet-spoke-aks-pe",
            "network_watcher_name": "NetworkWatcher_westeurope",
            "resource_group_name": "NetworkWatcherRG",
            "retention_policy": [
              {
                "days": 7,
                "enabled": true
              }
            ],
            "storage_account_id": "/subscriptions/82f6d75e-85f4-434a-ab74-5dddd9fa8910/resourceGroups/NetworkWatcherRG/providers/Microsoft.Storage/storageAccounts/storageforlogs011",
            "tags": null,
            "timeouts": null,
            "traffic_analytics": [
              {
                "enabled": true,
                "interval_in_minutes": 10,
                "workspace_id": "05ba4213-c985-447f-ba93-dc808bc7c8f6",
                "workspace_region": "westeurope",
                "workspace_resource_id": "/subscriptions/82f6d75e-85f4-434a-ab74-5dddd9fa8910/resourceGroups/rg-spoke-shared/providers/Microsoft.OperationalInsights/workspaces/loganalyticsforaks011"
              }
            ],
            "version": 2
          },
          "sensitive_attributes": [],
          "private": "eyJlMmJmYjczMC1lY2FhLTExZTYtOGY4OC0zNDM2M2JjN2M0YzAiOnsiY3JlYXRlIjoxODAwMDAwMDAwMDAwLCJkZWxldGUiOjE4MDAwMDAwMDAwMDAsInJlYWQiOjMwMDAwMDAwMDAwMCwidXBkYXRlIjoxODAwMDAwMDAwMDAwfSwic2NoZW1hX3ZlcnNpb24iOiIxIn0=",
          "dependencies": [
            "azurerm_storage_account.network_log_data",
            "data.azurerm_log_analytics_workspace.workspace",
            "data.azurerm_network_watcher.network_watcher_regional",
            "data.azurerm_resources.nsg_flowlogs"
          ]
        }
      ]
    },
    {
      "module": "module.azurerm_network_watcher_flow_log[\"nsg_test\"]",
      "mode": "managed",
      "type": "azurerm_network_watcher_flow_log",
      "name": "network_flow_logs",
      "provider": "provider[\"registry.terraform.io/hashicorp/azurerm\"]",
      "instances": [
        {
          "schema_version": 1,
          "attributes": {
            "enabled": true,
            "id": "/subscriptions/82f6d75e-85f4-434a-ab74-5dddd9fa8910/resourceGroups/NetworkWatcherRG/providers/Microsoft.Network/networkWatchers/NetworkWatcher_westeurope/flowLogs/nsg_test",
            "location": "westeurope",
            "name": "nsg_test",
            "network_security_group_id": "/subscriptions/82f6d75e-85f4-434a-ab74-5dddd9fa8910/resourceGroups/rg-spoke-mgt/providers/Microsoft.Network/networkSecurityGroups/nsg_test",
            "network_watcher_name": "NetworkWatcher_westeurope",
            "resource_group_name": "NetworkWatcherRG",
            "retention_policy": [
              {
                "days": 7,
                "enabled": true
              }
            ],
            "storage_account_id": "/subscriptions/82f6d75e-85f4-434a-ab74-5dddd9fa8910/resourceGroups/NetworkWatcherRG/providers/Microsoft.Storage/storageAccounts/storageforlogs011",
            "tags": null,
            "timeouts": null,
            "traffic_analytics": [
              {
                "enabled": true,
                "interval_in_minutes": 10,
                "workspace_id": "05ba4213-c985-447f-ba93-dc808bc7c8f6",
                "workspace_region": "westeurope",
                "workspace_resource_id": "/subscriptions/82f6d75e-85f4-434a-ab74-5dddd9fa8910/resourceGroups/rg-spoke-shared/providers/Microsoft.OperationalInsights/workspaces/loganalyticsforaks011"
              }
            ],
            "version": 2
          },
          "sensitive_attributes": [],
          "private": "eyJlMmJmYjczMC1lY2FhLTExZTYtOGY4OC0zNDM2M2JjN2M0YzAiOnsiY3JlYXRlIjoxODAwMDAwMDAwMDAwLCJkZWxldGUiOjE4MDAwMDAwMDAwMDAsInJlYWQiOjMwMDAwMDAwMDAwMCwidXBkYXRlIjoxODAwMDAwMDAwMDAwfSwic2NoZW1hX3ZlcnNpb24iOiIxIn0=",
          "dependencies": [
            "azurerm_storage_account.network_log_data",
            "data.azurerm_log_analytics_workspace.workspace",
            "data.azurerm_network_watcher.network_watcher_regional",
            "data.azurerm_resources.nsg_flowlogs"
          ]
        }
      ]
    }
  ],
  "check_results": null
}
