{
  "version": 4,
  "terraform_version": "1.3.9",
  "serial": 440,
  "lineage": "f71b25f5-fdf8-8cba-cbb8-855d05909bdc",
  "outputs": {
    "azurerm_resources_nsg_flowlogs": {
      "value": [
        "nsg-vnet-hub",
        "nsg-vnet-spoke-aks",
        "aks-agentpool-35064155-nsg",
        "nsg-vnet-spoke-mgt"
      ],
      "type": [
        "list",
        "string"
      ]
    },
    "resources_id": {
      "value": [
        "/subscriptions/82f6d75e-85f4-434a-ab74-5dddd9fa8910/resourceGroups/NetworkWatcherRG/providers/Microsoft.Storage/storageAccounts/storageforlogs011",
        "/subscriptions/82f6d75e-85f4-434a-ab74-5dddd9fa8910/resourceGroups/rg-hub/providers/Microsoft.Network/azureFirewalls/firewall-hub",
        "/subscriptions/82f6d75e-85f4-434a-ab74-5dddd9fa8910/resourceGroups/rg-hub/providers/Microsoft.Network/networkSecurityGroups/nsg-vnet-hub",
        "/subscriptions/82f6d75e-85f4-434a-ab74-5dddd9fa8910/resourceGroups/rg-hub/providers/Microsoft.Network/publicIPAddresses/public-ip-firewall",
        "/subscriptions/82f6d75e-85f4-434a-ab74-5dddd9fa8910/resourceGroups/rg-hub/providers/Microsoft.Network/virtualNetworks/vnet-hub",
        "/subscriptions/82f6d75e-85f4-434a-ab74-5dddd9fa8910/resourceGroups/rg-management/providers/Microsoft.OperationalInsights/workspaces/loganalyticsforaks011",
        "/subscriptions/82f6d75e-85f4-434a-ab74-5dddd9fa8910/resourceGroups/rg-spoke-aks-cluster/providers/Microsoft.ContainerService/managedClusters/aks-cluster",
        "/subscriptions/82f6d75e-85f4-434a-ab74-5dddd9fa8910/resourceGroups/rg-spoke-aks-nodes/providers/Microsoft.Network/networkSecurityGroups/aks-agentpool-35064155-nsg",
        "/subscriptions/82f6d75e-85f4-434a-ab74-5dddd9fa8910/resourceGroups/rg-spoke-aks-nodes/providers/Microsoft.Network/publicIPAddresses/b3abbf85-2e94-4396-85b7-4747e088cc03",
        "/subscriptions/82f6d75e-85f4-434a-ab74-5dddd9fa8910/resourceGroups/rg-spoke-aks-nodes/providers/Microsoft.Network/publicIPAddresses/kubernetes-a4e1e8d84380246598338341e9599517",
        "/subscriptions/82f6d75e-85f4-434a-ab74-5dddd9fa8910/resourceGroups/rg-spoke-aks/providers/Microsoft.ContainerRegistry/registries/acrforakstf01357",
        "/subscriptions/82f6d75e-85f4-434a-ab74-5dddd9fa8910/resourceGroups/rg-spoke-aks/providers/Microsoft.KeyVault/vaults/kvforaks01357",
        "/subscriptions/82f6d75e-85f4-434a-ab74-5dddd9fa8910/resourceGroups/rg-spoke-aks/providers/Microsoft.Network/applicationGateways/appgw-aks",
        "/subscriptions/82f6d75e-85f4-434a-ab74-5dddd9fa8910/resourceGroups/rg-spoke-aks/providers/Microsoft.Network/networkInterfaces/private-endpoint-keyvault.nic.fad69793-75f5-44dd-8160-1924b71fdf68",
        "/subscriptions/82f6d75e-85f4-434a-ab74-5dddd9fa8910/resourceGroups/rg-spoke-aks/providers/Microsoft.Network/networkSecurityGroups/nsg-vnet-spoke-aks",
        "/subscriptions/82f6d75e-85f4-434a-ab74-5dddd9fa8910/resourceGroups/rg-spoke-aks/providers/Microsoft.Network/publicIPAddresses/public-ip-appgw",
        "/subscriptions/82f6d75e-85f4-434a-ab74-5dddd9fa8910/resourceGroups/rg-spoke-aks/providers/Microsoft.Network/virtualNetworks/vnet-spoke-aks",
        "/subscriptions/82f6d75e-85f4-434a-ab74-5dddd9fa8910/resourceGroups/rg-spoke-aks/providers/Microsoft.Storage/storageAccounts/storageforaks01357",
        "/subscriptions/82f6d75e-85f4-434a-ab74-5dddd9fa8910/resourceGroups/rg-spoke-mgt/providers/Microsoft.Compute/virtualMachines/vm-jumpbox-linux",
        "/subscriptions/82f6d75e-85f4-434a-ab74-5dddd9fa8910/resourceGroups/rg-spoke-mgt/providers/Microsoft.Network/networkInterfaces/nic-vm-jumpbox-linux",
        "/subscriptions/82f6d75e-85f4-434a-ab74-5dddd9fa8910/resourceGroups/rg-spoke-mgt/providers/Microsoft.Network/networkSecurityGroups/nsg-vnet-spoke-mgt",
        "/subscriptions/82f6d75e-85f4-434a-ab74-5dddd9fa8910/resourceGroups/rg-spoke-mgt/providers/Microsoft.Network/virtualNetworks/vnet-spoke-mgt"
      ],
      "type": [
        "set",
        "string"
      ]
    },
    "subnets": {
      "value": {
        "subnet-apiserver": {
          "subnet_id": "/subscriptions/82f6d75e-85f4-434a-ab74-5dddd9fa8910/resourceGroups/rg-spoke-aks/providers/Microsoft.Network/virtualNetworks/vnet-spoke-aks/subnets/subnet-apiserver",
          "subnet_name": "subnet-apiserver",
          "vnet_name": "vnet-spoke-aks"
        },
        "subnet-mgt": {
          "subnet_id": "/subscriptions/82f6d75e-85f4-434a-ab74-5dddd9fa8910/resourceGroups/rg-spoke-mgt/providers/Microsoft.Network/virtualNetworks/vnet-spoke-mgt/subnets/subnet-mgt",
          "subnet_name": "subnet-mgt",
          "vnet_name": "vnet-spoke-mgt"
        },
        "subnet-nodes": {
          "subnet_id": "/subscriptions/82f6d75e-85f4-434a-ab74-5dddd9fa8910/resourceGroups/rg-spoke-aks/providers/Microsoft.Network/virtualNetworks/vnet-spoke-aks/subnets/subnet-nodes",
          "subnet_name": "subnet-nodes",
          "vnet_name": "vnet-spoke-aks"
        },
        "subnet-nodes-poolappsamd": {
          "subnet_id": "/subscriptions/82f6d75e-85f4-434a-ab74-5dddd9fa8910/resourceGroups/rg-spoke-aks/providers/Microsoft.Network/virtualNetworks/vnet-spoke-aks/subnets/subnet-nodes-poolappsamd",
          "subnet_name": "subnet-nodes-poolappsamd",
          "vnet_name": "vnet-spoke-aks"
        },
        "subnet-pods": {
          "subnet_id": "/subscriptions/82f6d75e-85f4-434a-ab74-5dddd9fa8910/resourceGroups/rg-spoke-aks/providers/Microsoft.Network/virtualNetworks/vnet-spoke-aks/subnets/subnet-pods",
          "subnet_name": "subnet-pods",
          "vnet_name": "vnet-spoke-aks"
        },
        "subnet-pods-poolappsamd": {
          "subnet_id": "/subscriptions/82f6d75e-85f4-434a-ab74-5dddd9fa8910/resourceGroups/rg-spoke-aks/providers/Microsoft.Network/virtualNetworks/vnet-spoke-aks/subnets/subnet-pods-poolappsamd",
          "subnet_name": "subnet-pods-poolappsamd",
          "vnet_name": "vnet-spoke-aks"
        },
        "subnet-spoke-aks-pe": {
          "subnet_id": "/subscriptions/82f6d75e-85f4-434a-ab74-5dddd9fa8910/resourceGroups/rg-spoke-aks/providers/Microsoft.Network/virtualNetworks/vnet-spoke-aks/subnets/subnet-spoke-aks-pe",
          "subnet_name": "subnet-spoke-aks-pe",
          "vnet_name": "vnet-spoke-aks"
        }
      },
      "type": [
        "map",
        [
          "object",
          {
            "subnet_id": "string",
            "subnet_name": "string",
            "vnet_name": "string"
          }
        ]
      ]
    }
  },
  "resources": [
    {
      "mode": "data",
      "type": "azurerm_network_watcher",
      "name": "network_watcher_regional",
      "provider": "provider[\"registry.terraform.io/hashicorp/azurerm\"]",
      "instances": [
        {
          "schema_version": 0,
          "attributes": {
            "id": "/subscriptions/82f6d75e-85f4-434a-ab74-5dddd9fa8910/resourceGroups/NetworkWatcherRG/providers/Microsoft.Network/networkWatchers/NetworkWatcher_westeurope",
            "location": "westeurope",
            "name": "NetworkWatcher_westeurope",
            "resource_group_name": "NetworkWatcherRG",
            "tags": {},
            "timeouts": null
          },
          "sensitive_attributes": []
        }
      ]
    },
    {
      "mode": "data",
      "type": "azurerm_resources",
      "name": "nsg_flowlogs",
      "provider": "provider[\"registry.terraform.io/hashicorp/azurerm\"]",
      "instances": [
        {
          "schema_version": 0,
          "attributes": {
            "id": "resource-0497629c-2fc2-44c3-bf23-739c6e3e848b",
            "name": null,
            "required_tags": {
              "architecture": "Hub\u0026Spoke",
              "environment": "development",
              "source": "terraform"
            },
            "resource_group_name": null,
            "resources": [
              {
                "id": "/subscriptions/82f6d75e-85f4-434a-ab74-5dddd9fa8910/resourceGroups/rg-hub/providers/Microsoft.Network/networkSecurityGroups/nsg-vnet-hub",
                "location": "westeurope",
                "name": "nsg-vnet-hub",
                "tags": {
                  "architecture": "Hub\u0026Spoke",
                  "environment": "development",
                  "source": "terraform"
                },
                "type": "Microsoft.Network/networkSecurityGroups"
              },
              {
                "id": "/subscriptions/82f6d75e-85f4-434a-ab74-5dddd9fa8910/resourceGroups/rg-spoke-aks/providers/Microsoft.Network/networkSecurityGroups/nsg-vnet-spoke-aks",
                "location": "westeurope",
                "name": "nsg-vnet-spoke-aks",
                "tags": {
                  "architecture": "Hub\u0026Spoke",
                  "environment": "development",
                  "source": "terraform"
                },
                "type": "Microsoft.Network/networkSecurityGroups"
              },
              {
                "id": "/subscriptions/82f6d75e-85f4-434a-ab74-5dddd9fa8910/resourceGroups/rg-spoke-aks-nodes/providers/Microsoft.Network/networkSecurityGroups/aks-agentpool-35064155-nsg",
                "location": "westeurope",
                "name": "aks-agentpool-35064155-nsg",
                "tags": {
                  "architecture": "Hub\u0026Spoke",
                  "environment": "development",
                  "source": "terraform"
                },
                "type": "Microsoft.Network/networkSecurityGroups"
              },
              {
                "id": "/subscriptions/82f6d75e-85f4-434a-ab74-5dddd9fa8910/resourceGroups/rg-spoke-mgt/providers/Microsoft.Network/networkSecurityGroups/nsg-vnet-spoke-mgt",
                "location": "westeurope",
                "name": "nsg-vnet-spoke-mgt",
                "tags": {
                  "architecture": "Hub\u0026Spoke",
                  "environment": "development",
                  "source": "terraform"
                },
                "type": "Microsoft.Network/networkSecurityGroups"
              }
            ],
            "timeouts": null,
            "type": "Microsoft.Network/networkSecurityGroups"
          },
          "sensitive_attributes": []
        }
      ]
    },
    {
      "mode": "data",
      "type": "azurerm_resources",
      "name": "resources_ds",
      "provider": "provider[\"registry.terraform.io/hashicorp/azurerm\"]",
      "instances": [
        {
          "index_key": "Microsoft.Compute/virtualMachines",
          "schema_version": 0,
          "attributes": {
            "id": "resource-393a1f9c-f657-4ec5-af98-201af9c887b5",
            "name": null,
            "required_tags": {
              "architecture": "Hub\u0026Spoke",
              "environment": "development",
              "source": "terraform"
            },
            "resource_group_name": null,
            "resources": [
              {
                "id": "/subscriptions/82f6d75e-85f4-434a-ab74-5dddd9fa8910/resourceGroups/rg-spoke-mgt/providers/Microsoft.Compute/virtualMachines/vm-jumpbox-linux",
                "location": "westeurope",
                "name": "vm-jumpbox-linux",
                "tags": {
                  "architecture": "Hub\u0026Spoke",
                  "environment": "development",
                  "source": "terraform"
                },
                "type": "Microsoft.Compute/virtualMachines"
              }
            ],
            "timeouts": null,
            "type": "Microsoft.Compute/virtualMachines"
          },
          "sensitive_attributes": []
        },
        {
          "index_key": "Microsoft.ContainerRegistry/registries",
          "schema_version": 0,
          "attributes": {
            "id": "resource-a14975a7-4a2f-4c0c-9a48-033fa31bd9ee",
            "name": null,
            "required_tags": {
              "architecture": "Hub\u0026Spoke",
              "environment": "development",
              "source": "terraform"
            },
            "resource_group_name": null,
            "resources": [
              {
                "id": "/subscriptions/82f6d75e-85f4-434a-ab74-5dddd9fa8910/resourceGroups/rg-spoke-aks/providers/Microsoft.ContainerRegistry/registries/acrforakstf01357",
                "location": "westeurope",
                "name": "acrforakstf01357",
                "tags": {
                  "architecture": "Hub\u0026Spoke",
                  "environment": "development",
                  "source": "terraform"
                },
                "type": "Microsoft.ContainerRegistry/registries"
              }
            ],
            "timeouts": null,
            "type": "Microsoft.ContainerRegistry/registries"
          },
          "sensitive_attributes": []
        },
        {
          "index_key": "Microsoft.ContainerService/managedClusters",
          "schema_version": 0,
          "attributes": {
            "id": "resource-88c98000-2215-45e8-a72a-2fdb07ddb13d",
            "name": null,
            "required_tags": {
              "architecture": "Hub\u0026Spoke",
              "environment": "development",
              "source": "terraform"
            },
            "resource_group_name": null,
            "resources": [
              {
                "id": "/subscriptions/82f6d75e-85f4-434a-ab74-5dddd9fa8910/resourceGroups/rg-spoke-aks-cluster/providers/Microsoft.ContainerService/managedClusters/aks-cluster",
                "location": "westeurope",
                "name": "aks-cluster",
                "tags": {
                  "architecture": "Hub\u0026Spoke",
                  "environment": "development",
                  "source": "terraform"
                },
                "type": "Microsoft.ContainerService/managedClusters"
              }
            ],
            "timeouts": null,
            "type": "Microsoft.ContainerService/managedClusters"
          },
          "sensitive_attributes": []
        },
        {
          "index_key": "Microsoft.KeyVault/vaults",
          "schema_version": 0,
          "attributes": {
            "id": "resource-076de504-f114-44f3-b8ee-a614cb32b23c",
            "name": null,
            "required_tags": {
              "architecture": "Hub\u0026Spoke",
              "environment": "development",
              "source": "terraform"
            },
            "resource_group_name": null,
            "resources": [
              {
                "id": "/subscriptions/82f6d75e-85f4-434a-ab74-5dddd9fa8910/resourceGroups/rg-spoke-aks/providers/Microsoft.KeyVault/vaults/kvforaks01357",
                "location": "westeurope",
                "name": "kvforaks01357",
                "tags": {
                  "architecture": "Hub\u0026Spoke",
                  "environment": "development",
                  "source": "terraform"
                },
                "type": "Microsoft.KeyVault/vaults"
              }
            ],
            "timeouts": null,
            "type": "Microsoft.KeyVault/vaults"
          },
          "sensitive_attributes": []
        },
        {
          "index_key": "Microsoft.Network/applicationGateways",
          "schema_version": 0,
          "attributes": {
            "id": "resource-19a99305-ce03-49b8-a96a-36703a590329",
            "name": null,
            "required_tags": {
              "architecture": "Hub\u0026Spoke",
              "environment": "development",
              "source": "terraform"
            },
            "resource_group_name": null,
            "resources": [
              {
                "id": "/subscriptions/82f6d75e-85f4-434a-ab74-5dddd9fa8910/resourceGroups/rg-spoke-aks/providers/Microsoft.Network/applicationGateways/appgw-aks",
                "location": "westeurope",
                "name": "appgw-aks",
                "tags": {
                  "architecture": "Hub\u0026Spoke",
                  "environment": "development",
                  "managed-by-k8s-ingress": "1.5.3/94b2b229/2023-02-03-21:42T+0000",
                  "source": "terraform"
                },
                "type": "Microsoft.Network/applicationGateways"
              }
            ],
            "timeouts": null,
            "type": "Microsoft.Network/applicationGateways"
          },
          "sensitive_attributes": []
        },
        {
          "index_key": "Microsoft.Network/azureFirewalls",
          "schema_version": 0,
          "attributes": {
            "id": "resource-a0fb72ca-0ce2-426d-a4ac-8f093e211c47",
            "name": null,
            "required_tags": {
              "architecture": "Hub\u0026Spoke",
              "environment": "development",
              "source": "terraform"
            },
            "resource_group_name": null,
            "resources": [
              {
                "id": "/subscriptions/82f6d75e-85f4-434a-ab74-5dddd9fa8910/resourceGroups/rg-hub/providers/Microsoft.Network/azureFirewalls/firewall-hub",
                "location": "westeurope",
                "name": "firewall-hub",
                "tags": {
                  "architecture": "Hub\u0026Spoke",
                  "environment": "development",
                  "source": "terraform"
                },
                "type": "Microsoft.Network/azureFirewalls"
              }
            ],
            "timeouts": null,
            "type": "Microsoft.Network/azureFirewalls"
          },
          "sensitive_attributes": []
        },
        {
          "index_key": "Microsoft.Network/bastionHosts",
          "schema_version": 0,
          "attributes": {
            "id": "resource-b8f19248-1c31-4411-aab5-e2d9380a0a1a",
            "name": null,
            "required_tags": {
              "architecture": "Hub\u0026Spoke",
              "environment": "development",
              "source": "terraform"
            },
            "resource_group_name": null,
            "resources": [],
            "timeouts": null,
            "type": "Microsoft.Network/bastionHosts"
          },
          "sensitive_attributes": []
        },
        {
          "index_key": "Microsoft.Network/expressRouteCircuits",
          "schema_version": 0,
          "attributes": {
            "id": "resource-5ad63eb9-6f2b-4910-9ca6-21b0ba63eadb",
            "name": null,
            "required_tags": {
              "architecture": "Hub\u0026Spoke",
              "environment": "development",
              "source": "terraform"
            },
            "resource_group_name": null,
            "resources": [],
            "timeouts": null,
            "type": "Microsoft.Network/expressRouteCircuits"
          },
          "sensitive_attributes": []
        },
        {
          "index_key": "Microsoft.Network/expressRouteGateways",
          "schema_version": 0,
          "attributes": {
            "id": "resource-29a12bf5-13d7-4bdd-bc47-9631422cad5a",
            "name": null,
            "required_tags": {
              "architecture": "Hub\u0026Spoke",
              "environment": "development",
              "source": "terraform"
            },
            "resource_group_name": null,
            "resources": [],
            "timeouts": null,
            "type": "Microsoft.Network/expressRouteGateways"
          },
          "sensitive_attributes": []
        },
        {
          "index_key": "Microsoft.Network/expressRoutePorts",
          "schema_version": 0,
          "attributes": {
            "id": "resource-ffa802ee-7325-4ce9-8c15-8bd01013e656",
            "name": null,
            "required_tags": {
              "architecture": "Hub\u0026Spoke",
              "environment": "development",
              "source": "terraform"
            },
            "resource_group_name": null,
            "resources": [],
            "timeouts": null,
            "type": "Microsoft.Network/expressRoutePorts"
          },
          "sensitive_attributes": []
        },
        {
          "index_key": "Microsoft.Network/loadBalancers",
          "schema_version": 0,
          "attributes": {
            "id": "resource-1f58b1e5-62eb-4e8c-8c0a-715f018e35e1",
            "name": null,
            "required_tags": {
              "architecture": "Hub\u0026Spoke",
              "environment": "development",
              "source": "terraform"
            },
            "resource_group_name": null,
            "resources": [],
            "timeouts": null,
            "type": "Microsoft.Network/loadBalancers"
          },
          "sensitive_attributes": []
        },
        {
          "index_key": "Microsoft.Network/networkInterfaces",
          "schema_version": 0,
          "attributes": {
            "id": "resource-d2040199-455d-4048-8fce-a9c3430c2197",
            "name": null,
            "required_tags": {
              "architecture": "Hub\u0026Spoke",
              "environment": "development",
              "source": "terraform"
            },
            "resource_group_name": null,
            "resources": [
              {
                "id": "/subscriptions/82f6d75e-85f4-434a-ab74-5dddd9fa8910/resourceGroups/rg-spoke-aks/providers/Microsoft.Network/networkInterfaces/private-endpoint-keyvault.nic.fad69793-75f5-44dd-8160-1924b71fdf68",
                "location": "westeurope",
                "name": "private-endpoint-keyvault.nic.fad69793-75f5-44dd-8160-1924b71fdf68",
                "tags": {
                  "architecture": "Hub\u0026Spoke",
                  "environment": "development",
                  "source": "terraform"
                },
                "type": "Microsoft.Network/networkInterfaces"
              },
              {
                "id": "/subscriptions/82f6d75e-85f4-434a-ab74-5dddd9fa8910/resourceGroups/rg-spoke-mgt/providers/Microsoft.Network/networkInterfaces/nic-vm-jumpbox-linux",
                "location": "westeurope",
                "name": "nic-vm-jumpbox-linux",
                "tags": {
                  "architecture": "Hub\u0026Spoke",
                  "environment": "development",
                  "source": "terraform"
                },
                "type": "Microsoft.Network/networkInterfaces"
              }
            ],
            "timeouts": null,
            "type": "Microsoft.Network/networkInterfaces"
          },
          "sensitive_attributes": []
        },
        {
          "index_key": "Microsoft.Network/networkSecurityGroups",
          "schema_version": 0,
          "attributes": {
            "id": "resource-0b8b8795-aec3-40d8-bd78-27223604233f",
            "name": null,
            "required_tags": {
              "architecture": "Hub\u0026Spoke",
              "environment": "development",
              "source": "terraform"
            },
            "resource_group_name": null,
            "resources": [
              {
                "id": "/subscriptions/82f6d75e-85f4-434a-ab74-5dddd9fa8910/resourceGroups/rg-hub/providers/Microsoft.Network/networkSecurityGroups/nsg-vnet-hub",
                "location": "westeurope",
                "name": "nsg-vnet-hub",
                "tags": {
                  "architecture": "Hub\u0026Spoke",
                  "environment": "development",
                  "source": "terraform"
                },
                "type": "Microsoft.Network/networkSecurityGroups"
              },
              {
                "id": "/subscriptions/82f6d75e-85f4-434a-ab74-5dddd9fa8910/resourceGroups/rg-spoke-aks/providers/Microsoft.Network/networkSecurityGroups/nsg-vnet-spoke-aks",
                "location": "westeurope",
                "name": "nsg-vnet-spoke-aks",
                "tags": {
                  "architecture": "Hub\u0026Spoke",
                  "environment": "development",
                  "source": "terraform"
                },
                "type": "Microsoft.Network/networkSecurityGroups"
              },
              {
                "id": "/subscriptions/82f6d75e-85f4-434a-ab74-5dddd9fa8910/resourceGroups/rg-spoke-aks-nodes/providers/Microsoft.Network/networkSecurityGroups/aks-agentpool-35064155-nsg",
                "location": "westeurope",
                "name": "aks-agentpool-35064155-nsg",
                "tags": {
                  "architecture": "Hub\u0026Spoke",
                  "environment": "development",
                  "source": "terraform"
                },
                "type": "Microsoft.Network/networkSecurityGroups"
              },
              {
                "id": "/subscriptions/82f6d75e-85f4-434a-ab74-5dddd9fa8910/resourceGroups/rg-spoke-mgt/providers/Microsoft.Network/networkSecurityGroups/nsg-vnet-spoke-mgt",
                "location": "westeurope",
                "name": "nsg-vnet-spoke-mgt",
                "tags": {
                  "architecture": "Hub\u0026Spoke",
                  "environment": "development",
                  "source": "terraform"
                },
                "type": "Microsoft.Network/networkSecurityGroups"
              }
            ],
            "timeouts": null,
            "type": "Microsoft.Network/networkSecurityGroups"
          },
          "sensitive_attributes": []
        },
        {
          "index_key": "Microsoft.Network/publicIPAddresses",
          "schema_version": 0,
          "attributes": {
            "id": "resource-d6ecc979-e932-458b-a1a6-7f80fd7d4c46",
            "name": null,
            "required_tags": {
              "architecture": "Hub\u0026Spoke",
              "environment": "development",
              "source": "terraform"
            },
            "resource_group_name": null,
            "resources": [
              {
                "id": "/subscriptions/82f6d75e-85f4-434a-ab74-5dddd9fa8910/resourceGroups/rg-hub/providers/Microsoft.Network/publicIPAddresses/public-ip-firewall",
                "location": "westeurope",
                "name": "public-ip-firewall",
                "tags": {
                  "architecture": "Hub\u0026Spoke",
                  "environment": "development",
                  "source": "terraform"
                },
                "type": "Microsoft.Network/publicIPAddresses"
              },
              {
                "id": "/subscriptions/82f6d75e-85f4-434a-ab74-5dddd9fa8910/resourceGroups/rg-spoke-aks/providers/Microsoft.Network/publicIPAddresses/public-ip-appgw",
                "location": "westeurope",
                "name": "public-ip-appgw",
                "tags": {
                  "architecture": "Hub\u0026Spoke",
                  "environment": "development",
                  "source": "terraform"
                },
                "type": "Microsoft.Network/publicIPAddresses"
              },
              {
                "id": "/subscriptions/82f6d75e-85f4-434a-ab74-5dddd9fa8910/resourceGroups/rg-spoke-aks-nodes/providers/Microsoft.Network/publicIPAddresses/b3abbf85-2e94-4396-85b7-4747e088cc03",
                "location": "westeurope",
                "name": "b3abbf85-2e94-4396-85b7-4747e088cc03",
                "tags": {
                  "aks-managed-cluster-name": "aks-cluster",
                  "aks-managed-cluster-rg": "rg-spoke-aks-cluster",
                  "aks-managed-type": "aks-slb-managed-outbound-ip",
                  "architecture": "Hub\u0026Spoke",
                  "environment": "development",
                  "source": "terraform"
                },
                "type": "Microsoft.Network/publicIPAddresses"
              },
              {
                "id": "/subscriptions/82f6d75e-85f4-434a-ab74-5dddd9fa8910/resourceGroups/rg-spoke-aks-nodes/providers/Microsoft.Network/publicIPAddresses/kubernetes-a4e1e8d84380246598338341e9599517",
                "location": "westeurope",
                "name": "kubernetes-a4e1e8d84380246598338341e9599517",
                "tags": {
                  "architecture": "Hub\u0026Spoke",
                  "environment": "development",
                  "k8s-azure-cluster-name": "kubernetes",
                  "k8s-azure-service": "ingress-nginx/ingress-nginx-controller",
                  "source": "terraform"
                },
                "type": "Microsoft.Network/publicIPAddresses"
              }
            ],
            "timeouts": null,
            "type": "Microsoft.Network/publicIPAddresses"
          },
          "sensitive_attributes": []
        },
        {
          "index_key": "Microsoft.Network/virtualNetworks",
          "schema_version": 0,
          "attributes": {
            "id": "resource-3c09841b-b81a-4d84-8556-16913bddcb76",
            "name": null,
            "required_tags": {
              "architecture": "Hub\u0026Spoke",
              "environment": "development",
              "source": "terraform"
            },
            "resource_group_name": null,
            "resources": [
              {
                "id": "/subscriptions/82f6d75e-85f4-434a-ab74-5dddd9fa8910/resourceGroups/rg-hub/providers/Microsoft.Network/virtualNetworks/vnet-hub",
                "location": "westeurope",
                "name": "vnet-hub",
                "tags": {
                  "architecture": "Hub\u0026Spoke",
                  "environment": "development",
                  "source": "terraform"
                },
                "type": "Microsoft.Network/virtualNetworks"
              },
              {
                "id": "/subscriptions/82f6d75e-85f4-434a-ab74-5dddd9fa8910/resourceGroups/rg-spoke-aks/providers/Microsoft.Network/virtualNetworks/vnet-spoke-aks",
                "location": "westeurope",
                "name": "vnet-spoke-aks",
                "tags": {
                  "architecture": "Hub\u0026Spoke",
                  "environment": "development",
                  "source": "terraform"
                },
                "type": "Microsoft.Network/virtualNetworks"
              },
              {
                "id": "/subscriptions/82f6d75e-85f4-434a-ab74-5dddd9fa8910/resourceGroups/rg-spoke-mgt/providers/Microsoft.Network/virtualNetworks/vnet-spoke-mgt",
                "location": "westeurope",
                "name": "vnet-spoke-mgt",
                "tags": {
                  "architecture": "Hub\u0026Spoke",
                  "environment": "development",
                  "source": "terraform"
                },
                "type": "Microsoft.Network/virtualNetworks"
              }
            ],
            "timeouts": null,
            "type": "Microsoft.Network/virtualNetworks"
          },
          "sensitive_attributes": []
        },
        {
          "index_key": "Microsoft.OperationalInsights/workspaces",
          "schema_version": 0,
          "attributes": {
            "id": "resource-ba4ab56b-12e6-4eb2-9cc1-73f018d015fb",
            "name": null,
            "required_tags": {
              "architecture": "Hub\u0026Spoke",
              "environment": "development",
              "source": "terraform"
            },
            "resource_group_name": null,
            "resources": [
              {
                "id": "/subscriptions/82f6d75e-85f4-434a-ab74-5dddd9fa8910/resourceGroups/rg-management/providers/Microsoft.OperationalInsights/workspaces/loganalyticsforaks011",
                "location": "westeurope",
                "name": "loganalyticsforaks011",
                "tags": {
                  "architecture": "Hub\u0026Spoke",
                  "environment": "development",
                  "source": "terraform"
                },
                "type": "Microsoft.OperationalInsights/workspaces"
              }
            ],
            "timeouts": null,
            "type": "Microsoft.OperationalInsights/workspaces"
          },
          "sensitive_attributes": []
        },
        {
          "index_key": "Microsoft.Storage/storageAccounts",
          "schema_version": 0,
          "attributes": {
            "id": "resource-72155714-f5e0-4497-ba24-20892b36fc33",
            "name": null,
            "required_tags": {
              "architecture": "Hub\u0026Spoke",
              "environment": "development",
              "source": "terraform"
            },
            "resource_group_name": null,
            "resources": [
              {
                "id": "/subscriptions/82f6d75e-85f4-434a-ab74-5dddd9fa8910/resourceGroups/NetworkWatcherRG/providers/Microsoft.Storage/storageAccounts/storageforlogs011",
                "location": "westeurope",
                "name": "storageforlogs011",
                "tags": {
                  "architecture": "Hub\u0026Spoke",
                  "environment": "development",
                  "source": "terraform"
                },
                "type": "Microsoft.Storage/storageAccounts"
              },
              {
                "id": "/subscriptions/82f6d75e-85f4-434a-ab74-5dddd9fa8910/resourceGroups/rg-spoke-aks/providers/Microsoft.Storage/storageAccounts/storageforaks01357",
                "location": "westeurope",
                "name": "storageforaks01357",
                "tags": {
                  "architecture": "Hub\u0026Spoke",
                  "environment": "development",
                  "source": "terraform"
                },
                "type": "Microsoft.Storage/storageAccounts"
              }
            ],
            "timeouts": null,
            "type": "Microsoft.Storage/storageAccounts"
          },
          "sensitive_attributes": []
        }
      ]
    },
    {
      "mode": "data",
      "type": "azurerm_resources",
      "name": "vnet",
      "provider": "provider[\"registry.terraform.io/hashicorp/azurerm\"]",
      "instances": [
        {
          "schema_version": 0,
          "attributes": {
            "id": "resource-af0bbc2e-c036-4f45-b17c-3bc9205bef75",
            "name": null,
            "required_tags": {
              "architecture": "Hub\u0026Spoke",
              "environment": "development",
              "source": "terraform"
            },
            "resource_group_name": null,
            "resources": [
              {
                "id": "/subscriptions/82f6d75e-85f4-434a-ab74-5dddd9fa8910/resourceGroups/rg-hub/providers/Microsoft.Network/virtualNetworks/vnet-hub",
                "location": "westeurope",
                "name": "vnet-hub",
                "tags": {
                  "architecture": "Hub\u0026Spoke",
                  "environment": "development",
                  "source": "terraform"
                },
                "type": "Microsoft.Network/virtualNetworks"
              },
              {
                "id": "/subscriptions/82f6d75e-85f4-434a-ab74-5dddd9fa8910/resourceGroups/rg-spoke-aks/providers/Microsoft.Network/virtualNetworks/vnet-spoke-aks",
                "location": "westeurope",
                "name": "vnet-spoke-aks",
                "tags": {
                  "architecture": "Hub\u0026Spoke",
                  "environment": "development",
                  "source": "terraform"
                },
                "type": "Microsoft.Network/virtualNetworks"
              },
              {
                "id": "/subscriptions/82f6d75e-85f4-434a-ab74-5dddd9fa8910/resourceGroups/rg-spoke-mgt/providers/Microsoft.Network/virtualNetworks/vnet-spoke-mgt",
                "location": "westeurope",
                "name": "vnet-spoke-mgt",
                "tags": {
                  "architecture": "Hub\u0026Spoke",
                  "environment": "development",
                  "source": "terraform"
                },
                "type": "Microsoft.Network/virtualNetworks"
              }
            ],
            "timeouts": null,
            "type": "Microsoft.Network/virtualNetworks"
          },
          "sensitive_attributes": []
        }
      ]
    },
    {
      "mode": "data",
      "type": "azurerm_virtual_network",
      "name": "vnet",
      "provider": "provider[\"registry.terraform.io/hashicorp/azurerm\"]",
      "instances": [
        {
          "index_key": "vnet-hub",
          "schema_version": 0,
          "attributes": {
            "address_space": [
              "172.16.0.0/16"
            ],
            "dns_servers": [],
            "guid": "66523886-7ef5-4316-9ae6-7c8b73175387",
            "id": "/subscriptions/82f6d75e-85f4-434a-ab74-5dddd9fa8910/resourceGroups/rg-hub/providers/Microsoft.Network/virtualNetworks/vnet-hub",
            "location": "westeurope",
            "name": "vnet-hub",
            "resource_group_name": "rg-hub",
            "subnets": [
              "AzureFirewallSubnet"
            ],
            "tags": {
              "architecture": "Hub\u0026Spoke",
              "environment": "development",
              "source": "terraform"
            },
            "timeouts": null,
            "vnet_peerings": {
              "vnet_peering_hub_to_vnet-spoke-aks": "/subscriptions/82f6d75e-85f4-434a-ab74-5dddd9fa8910/resourceGroups/rg-spoke-aks/providers/Microsoft.Network/virtualNetworks/vnet-spoke-aks",
              "vnet_peering_hub_to_vnet-spoke-mgt": "/subscriptions/82f6d75e-85f4-434a-ab74-5dddd9fa8910/resourceGroups/rg-spoke-mgt/providers/Microsoft.Network/virtualNetworks/vnet-spoke-mgt"
            },
            "vnet_peerings_addresses": [
              "10.1.0.0/16",
              "10.2.0.0/16"
            ]
          },
          "sensitive_attributes": []
        },
        {
          "index_key": "vnet-spoke-aks",
          "schema_version": 0,
          "attributes": {
            "address_space": [
              "10.1.0.0/16"
            ],
            "dns_servers": [
              "172.16.0.4"
            ],
            "guid": "adbbe5ae-e33a-421c-94a2-439b81053993",
            "id": "/subscriptions/82f6d75e-85f4-434a-ab74-5dddd9fa8910/resourceGroups/rg-spoke-aks/providers/Microsoft.Network/virtualNetworks/vnet-spoke-aks",
            "location": "westeurope",
            "name": "vnet-spoke-aks",
            "resource_group_name": "rg-spoke-aks",
            "subnets": [
              "subnet-appgw",
              "subnet-pods",
              "subnet-nodes-poolappsamd",
              "subnet-apiserver",
              "subnet-nodes",
              "subnet-pods-poolappsamd",
              "subnet-spoke-aks-pe"
            ],
            "tags": {
              "architecture": "Hub\u0026Spoke",
              "environment": "development",
              "source": "terraform"
            },
            "timeouts": null,
            "vnet_peerings": {
              "vnet_peering_vnet-spoke-aks_to_hub": "/subscriptions/82f6d75e-85f4-434a-ab74-5dddd9fa8910/resourceGroups/rg-hub/providers/Microsoft.Network/virtualNetworks/vnet-hub"
            },
            "vnet_peerings_addresses": [
              "172.16.0.0/16"
            ]
          },
          "sensitive_attributes": []
        },
        {
          "index_key": "vnet-spoke-mgt",
          "schema_version": 0,
          "attributes": {
            "address_space": [
              "10.2.0.0/16"
            ],
            "dns_servers": [
              "172.16.0.4"
            ],
            "guid": "2517e83e-6804-4731-99d8-7d1e0739119e",
            "id": "/subscriptions/82f6d75e-85f4-434a-ab74-5dddd9fa8910/resourceGroups/rg-spoke-mgt/providers/Microsoft.Network/virtualNetworks/vnet-spoke-mgt",
            "location": "westeurope",
            "name": "vnet-spoke-mgt",
            "resource_group_name": "rg-spoke-mgt",
            "subnets": [
              "subnet-mgt"
            ],
            "tags": {
              "architecture": "Hub\u0026Spoke",
              "environment": "development",
              "source": "terraform"
            },
            "timeouts": null,
            "vnet_peerings": {
              "vnet_peering_vnet-spoke-mgt_to_hub": "/subscriptions/82f6d75e-85f4-434a-ab74-5dddd9fa8910/resourceGroups/rg-hub/providers/Microsoft.Network/virtualNetworks/vnet-hub"
            },
            "vnet_peerings_addresses": [
              "172.16.0.0/16"
            ]
          },
          "sensitive_attributes": []
        }
      ]
    },
    {
      "mode": "data",
      "type": "terraform_remote_state",
      "name": "management",
      "provider": "provider[\"terraform.io/builtin/terraform\"]",
      "instances": [
        {
          "schema_version": 0,
          "attributes": {
            "backend": "local",
            "config": {
              "value": {
                "path": "../01_management/terraform.tfstate"
              },
              "type": [
                "object",
                {
                  "path": "string"
                }
              ]
            },
            "defaults": null,
            "outputs": {
              "value": {
                "log_analytics_workspace": {
                  "id": "/subscriptions/82f6d75e-85f4-434a-ab74-5dddd9fa8910/resourceGroups/rg-management/providers/Microsoft.OperationalInsights/workspaces/loganalyticsforaks011",
                  "location": "westeurope",
                  "workspace_id": "ce74470c-ea0d-4f22-96ca-d782c083d1b0"
                }
              },
              "type": [
                "object",
                {
                  "log_analytics_workspace": [
                    "object",
                    {
                      "id": "string",
                      "location": "string",
                      "workspace_id": "string"
                    }
                  ]
                }
              ]
            },
            "workspace": null
          },
          "sensitive_attributes": []
        }
      ]
    },
    {
      "mode": "managed",
      "type": "azurerm_network_security_group",
      "name": "nsg",
      "provider": "provider[\"registry.terraform.io/hashicorp/azurerm\"]",
      "instances": [
        {
          "index_key": "vnet-hub",
          "schema_version": 0,
          "attributes": {
            "id": "/subscriptions/82f6d75e-85f4-434a-ab74-5dddd9fa8910/resourceGroups/rg-hub/providers/Microsoft.Network/networkSecurityGroups/nsg-vnet-hub",
            "location": "westeurope",
            "name": "nsg-vnet-hub",
            "resource_group_name": "rg-hub",
            "security_rule": [
              {
                "access": "Allow",
                "description": "",
                "destination_address_prefix": "*",
                "destination_address_prefixes": [],
                "destination_application_security_group_ids": [],
                "destination_port_range": "*",
                "destination_port_ranges": [],
                "direction": "Outbound",
                "name": "rule-shared",
                "priority": 100,
                "protocol": "Tcp",
                "source_address_prefix": "*",
                "source_address_prefixes": [],
                "source_application_security_group_ids": [],
                "source_port_range": "*",
                "source_port_ranges": []
              }
            ],
            "tags": {
              "architecture": "Hub\u0026Spoke",
              "environment": "development",
              "source": "terraform"
            },
            "timeouts": null
          },
          "sensitive_attributes": [],
          "private": "eyJlMmJmYjczMC1lY2FhLTExZTYtOGY4OC0zNDM2M2JjN2M0YzAiOnsiY3JlYXRlIjoxODAwMDAwMDAwMDAwLCJkZWxldGUiOjE4MDAwMDAwMDAwMDAsInJlYWQiOjMwMDAwMDAwMDAwMCwidXBkYXRlIjoxODAwMDAwMDAwMDAwfX0=",
          "dependencies": [
            "data.azurerm_resources.vnet"
          ]
        },
        {
          "index_key": "vnet-spoke-aks",
          "schema_version": 0,
          "attributes": {
            "id": "/subscriptions/82f6d75e-85f4-434a-ab74-5dddd9fa8910/resourceGroups/rg-spoke-aks/providers/Microsoft.Network/networkSecurityGroups/nsg-vnet-spoke-aks",
            "location": "westeurope",
            "name": "nsg-vnet-spoke-aks",
            "resource_group_name": "rg-spoke-aks",
            "security_rule": [
              {
                "access": "Allow",
                "description": "",
                "destination_address_prefix": "*",
                "destination_address_prefixes": [],
                "destination_application_security_group_ids": [],
                "destination_port_range": "*",
                "destination_port_ranges": [],
                "direction": "Outbound",
                "name": "rule-shared",
                "priority": 100,
                "protocol": "Tcp",
                "source_address_prefix": "*",
                "source_address_prefixes": [],
                "source_application_security_group_ids": [],
                "source_port_range": "*",
                "source_port_ranges": []
              }
            ],
            "tags": {
              "architecture": "Hub\u0026Spoke",
              "environment": "development",
              "source": "terraform"
            },
            "timeouts": null
          },
          "sensitive_attributes": [],
          "private": "eyJlMmJmYjczMC1lY2FhLTExZTYtOGY4OC0zNDM2M2JjN2M0YzAiOnsiY3JlYXRlIjoxODAwMDAwMDAwMDAwLCJkZWxldGUiOjE4MDAwMDAwMDAwMDAsInJlYWQiOjMwMDAwMDAwMDAwMCwidXBkYXRlIjoxODAwMDAwMDAwMDAwfX0=",
          "dependencies": [
            "data.azurerm_resources.vnet"
          ]
        },
        {
          "index_key": "vnet-spoke-mgt",
          "schema_version": 0,
          "attributes": {
            "id": "/subscriptions/82f6d75e-85f4-434a-ab74-5dddd9fa8910/resourceGroups/rg-spoke-mgt/providers/Microsoft.Network/networkSecurityGroups/nsg-vnet-spoke-mgt",
            "location": "westeurope",
            "name": "nsg-vnet-spoke-mgt",
            "resource_group_name": "rg-spoke-mgt",
            "security_rule": [
              {
                "access": "Allow",
                "description": "",
                "destination_address_prefix": "*",
                "destination_address_prefixes": [],
                "destination_application_security_group_ids": [],
                "destination_port_range": "*",
                "destination_port_ranges": [],
                "direction": "Outbound",
                "name": "rule-shared",
                "priority": 100,
                "protocol": "Tcp",
                "source_address_prefix": "*",
                "source_address_prefixes": [],
                "source_application_security_group_ids": [],
                "source_port_range": "*",
                "source_port_ranges": []
              }
            ],
            "tags": {
              "architecture": "Hub\u0026Spoke",
              "environment": "development",
              "source": "terraform"
            },
            "timeouts": null
          },
          "sensitive_attributes": [],
          "private": "eyJlMmJmYjczMC1lY2FhLTExZTYtOGY4OC0zNDM2M2JjN2M0YzAiOnsiY3JlYXRlIjoxODAwMDAwMDAwMDAwLCJkZWxldGUiOjE4MDAwMDAwMDAwMDAsInJlYWQiOjMwMDAwMDAwMDAwMCwidXBkYXRlIjoxODAwMDAwMDAwMDAwfX0=",
          "dependencies": [
            "data.azurerm_resources.vnet"
          ]
        }
      ]
    },
    {
      "mode": "managed",
      "type": "azurerm_network_security_rule",
      "name": "rule_shared",
      "provider": "provider[\"registry.terraform.io/hashicorp/azurerm\"]",
      "instances": [
        {
          "index_key": "vnet-hub",
          "schema_version": 0,
          "attributes": {
            "access": "Allow",
            "description": "",
            "destination_address_prefix": "*",
            "destination_address_prefixes": [],
            "destination_application_security_group_ids": [],
            "destination_port_range": "*",
            "destination_port_ranges": [],
            "direction": "Outbound",
            "id": "/subscriptions/82f6d75e-85f4-434a-ab74-5dddd9fa8910/resourceGroups/rg-hub/providers/Microsoft.Network/networkSecurityGroups/nsg-vnet-hub/securityRules/rule-shared",
            "name": "rule-shared",
            "network_security_group_name": "nsg-vnet-hub",
            "priority": 100,
            "protocol": "Tcp",
            "resource_group_name": "rg-hub",
            "source_address_prefix": "*",
            "source_address_prefixes": [],
            "source_application_security_group_ids": [],
            "source_port_range": "*",
            "source_port_ranges": [],
            "timeouts": null
          },
          "sensitive_attributes": [],
          "private": "eyJlMmJmYjczMC1lY2FhLTExZTYtOGY4OC0zNDM2M2JjN2M0YzAiOnsiY3JlYXRlIjoxODAwMDAwMDAwMDAwLCJkZWxldGUiOjE4MDAwMDAwMDAwMDAsInJlYWQiOjMwMDAwMDAwMDAwMCwidXBkYXRlIjoxODAwMDAwMDAwMDAwfX0=",
          "dependencies": [
            "azurerm_network_security_group.nsg",
            "data.azurerm_resources.vnet"
          ]
        },
        {
          "index_key": "vnet-spoke-aks",
          "schema_version": 0,
          "attributes": {
            "access": "Allow",
            "description": "",
            "destination_address_prefix": "*",
            "destination_address_prefixes": [],
            "destination_application_security_group_ids": [],
            "destination_port_range": "*",
            "destination_port_ranges": [],
            "direction": "Outbound",
            "id": "/subscriptions/82f6d75e-85f4-434a-ab74-5dddd9fa8910/resourceGroups/rg-spoke-aks/providers/Microsoft.Network/networkSecurityGroups/nsg-vnet-spoke-aks/securityRules/rule-shared",
            "name": "rule-shared",
            "network_security_group_name": "nsg-vnet-spoke-aks",
            "priority": 100,
            "protocol": "Tcp",
            "resource_group_name": "rg-spoke-aks",
            "source_address_prefix": "*",
            "source_address_prefixes": [],
            "source_application_security_group_ids": [],
            "source_port_range": "*",
            "source_port_ranges": [],
            "timeouts": null
          },
          "sensitive_attributes": [],
          "private": "eyJlMmJmYjczMC1lY2FhLTExZTYtOGY4OC0zNDM2M2JjN2M0YzAiOnsiY3JlYXRlIjoxODAwMDAwMDAwMDAwLCJkZWxldGUiOjE4MDAwMDAwMDAwMDAsInJlYWQiOjMwMDAwMDAwMDAwMCwidXBkYXRlIjoxODAwMDAwMDAwMDAwfX0=",
          "dependencies": [
            "azurerm_network_security_group.nsg",
            "data.azurerm_resources.vnet"
          ]
        },
        {
          "index_key": "vnet-spoke-mgt",
          "schema_version": 0,
          "attributes": {
            "access": "Allow",
            "description": "",
            "destination_address_prefix": "*",
            "destination_address_prefixes": [],
            "destination_application_security_group_ids": [],
            "destination_port_range": "*",
            "destination_port_ranges": [],
            "direction": "Outbound",
            "id": "/subscriptions/82f6d75e-85f4-434a-ab74-5dddd9fa8910/resourceGroups/rg-spoke-mgt/providers/Microsoft.Network/networkSecurityGroups/nsg-vnet-spoke-mgt/securityRules/rule-shared",
            "name": "rule-shared",
            "network_security_group_name": "nsg-vnet-spoke-mgt",
            "priority": 100,
            "protocol": "Tcp",
            "resource_group_name": "rg-spoke-mgt",
            "source_address_prefix": "*",
            "source_address_prefixes": [],
            "source_application_security_group_ids": [],
            "source_port_range": "*",
            "source_port_ranges": [],
            "timeouts": null
          },
          "sensitive_attributes": [],
          "private": "eyJlMmJmYjczMC1lY2FhLTExZTYtOGY4OC0zNDM2M2JjN2M0YzAiOnsiY3JlYXRlIjoxODAwMDAwMDAwMDAwLCJkZWxldGUiOjE4MDAwMDAwMDAwMDAsInJlYWQiOjMwMDAwMDAwMDAwMCwidXBkYXRlIjoxODAwMDAwMDAwMDAwfX0=",
          "dependencies": [
            "azurerm_network_security_group.nsg",
            "data.azurerm_resources.vnet"
          ]
        }
      ]
    },
    {
      "mode": "managed",
      "type": "azurerm_storage_account",
      "name": "network_log_data",
      "provider": "provider[\"registry.terraform.io/hashicorp/azurerm\"]",
      "instances": [
        {
          "index_key": 0,
          "schema_version": 3,
          "attributes": {
            "access_tier": "Hot",
            "account_kind": "StorageV2",
            "account_replication_type": "LRS",
            "account_tier": "Standard",
            "allow_nested_items_to_be_public": true,
            "allowed_copy_scope": "",
            "azure_files_authentication": [],
            "blob_properties": [
              {
                "change_feed_enabled": false,
                "change_feed_retention_in_days": 0,
                "container_delete_retention_policy": [],
                "cors_rule": [],
                "default_service_version": "",
                "delete_retention_policy": [],
                "last_access_time_enabled": false,
                "restore_policy": [],
                "versioning_enabled": false
              }
            ],
            "cross_tenant_replication_enabled": true,
            "custom_domain": [],
            "customer_managed_key": [],
            "default_to_oauth_authentication": false,
            "edge_zone": "",
            "enable_https_traffic_only": true,
            "id": "/subscriptions/82f6d75e-85f4-434a-ab74-5dddd9fa8910/resourceGroups/NetworkWatcherRG/providers/Microsoft.Storage/storageAccounts/storageforlogs011",
            "identity": [],
            "immutability_policy": [],
            "infrastructure_encryption_enabled": false,
            "is_hns_enabled": false,
            "large_file_share_enabled": null,
            "location": "westeurope",
            "min_tls_version": "TLS1_2",
            "name": "storageforlogs011",
            "network_rules": [
              {
                "bypass": [
                  "AzureServices"
                ],
                "default_action": "Allow",
                "ip_rules": [],
                "private_link_access": [],
                "virtual_network_subnet_ids": []
              }
            ],
            "nfsv3_enabled": false,
            "primary_access_key": "CAgKXEnURCHJr+zIcOcybI/SV/m3adpTDZLcpiCfJN77tyUbvliao3GMgLrPi+AXRZUJ5Dj4URyO+AStWb1d5A==",
            "primary_blob_connection_string": "DefaultEndpointsProtocol=https;BlobEndpoint=https://storageforlogs011.blob.core.windows.net/;AccountName=storageforlogs011;AccountKey=CAgKXEnURCHJr+zIcOcybI/SV/m3adpTDZLcpiCfJN77tyUbvliao3GMgLrPi+AXRZUJ5Dj4URyO+AStWb1d5A==",
            "primary_blob_endpoint": "https://storageforlogs011.blob.core.windows.net/",
            "primary_blob_host": "storageforlogs011.blob.core.windows.net",
            "primary_connection_string": "DefaultEndpointsProtocol=https;AccountName=storageforlogs011;AccountKey=CAgKXEnURCHJr+zIcOcybI/SV/m3adpTDZLcpiCfJN77tyUbvliao3GMgLrPi+AXRZUJ5Dj4URyO+AStWb1d5A==;EndpointSuffix=core.windows.net",
            "primary_dfs_endpoint": "https://storageforlogs011.dfs.core.windows.net/",
            "primary_dfs_host": "storageforlogs011.dfs.core.windows.net",
            "primary_file_endpoint": "https://storageforlogs011.file.core.windows.net/",
            "primary_file_host": "storageforlogs011.file.core.windows.net",
            "primary_location": "westeurope",
            "primary_queue_endpoint": "https://storageforlogs011.queue.core.windows.net/",
            "primary_queue_host": "storageforlogs011.queue.core.windows.net",
            "primary_table_endpoint": "https://storageforlogs011.table.core.windows.net/",
            "primary_table_host": "storageforlogs011.table.core.windows.net",
            "primary_web_endpoint": "https://storageforlogs011.z6.web.core.windows.net/",
            "primary_web_host": "storageforlogs011.z6.web.core.windows.net",
            "public_network_access_enabled": true,
            "queue_encryption_key_type": "Service",
            "queue_properties": [
              {
                "cors_rule": [],
                "hour_metrics": [
                  {
                    "enabled": true,
                    "include_apis": true,
                    "retention_policy_days": 7,
                    "version": "1.0"
                  }
                ],
                "logging": [
                  {
                    "delete": false,
                    "read": false,
                    "retention_policy_days": 0,
                    "version": "1.0",
                    "write": false
                  }
                ],
                "minute_metrics": [
                  {
                    "enabled": false,
                    "include_apis": false,
                    "retention_policy_days": 0,
                    "version": "1.0"
                  }
                ]
              }
            ],
            "resource_group_name": "NetworkWatcherRG",
            "routing": [],
            "sas_policy": [],
            "secondary_access_key": "ZVl8JvuzpOoi//j5VzlXiQS+NBKglvUne7UADmTnxX9fu3Q+TNkqe2eGJiMPwb25q0UlWPUsFvuC+AStHHrUoA==",
            "secondary_blob_connection_string": "",
            "secondary_blob_endpoint": null,
            "secondary_blob_host": null,
            "secondary_connection_string": "DefaultEndpointsProtocol=https;AccountName=storageforlogs011;AccountKey=ZVl8JvuzpOoi//j5VzlXiQS+NBKglvUne7UADmTnxX9fu3Q+TNkqe2eGJiMPwb25q0UlWPUsFvuC+AStHHrUoA==;EndpointSuffix=core.windows.net",
            "secondary_dfs_endpoint": null,
            "secondary_dfs_host": null,
            "secondary_file_endpoint": null,
            "secondary_file_host": null,
            "secondary_location": "",
            "secondary_queue_endpoint": null,
            "secondary_queue_host": null,
            "secondary_table_endpoint": null,
            "secondary_table_host": null,
            "secondary_web_endpoint": null,
            "secondary_web_host": null,
            "sftp_enabled": false,
            "share_properties": [
              {
                "cors_rule": [],
                "retention_policy": [
                  {
                    "days": 7
                  }
                ],
                "smb": []
              }
            ],
            "shared_access_key_enabled": true,
            "static_website": [],
            "table_encryption_key_type": "Service",
            "tags": {
              "architecture": "Hub\u0026Spoke",
              "environment": "development",
              "source": "terraform"
            },
            "timeouts": null
          },
          "sensitive_attributes": [],
          "private": "eyJlMmJmYjczMC1lY2FhLTExZTYtOGY4OC0zNDM2M2JjN2M0YzAiOnsiY3JlYXRlIjozNjAwMDAwMDAwMDAwLCJkZWxldGUiOjM2MDAwMDAwMDAwMDAsInJlYWQiOjMwMDAwMDAwMDAwMCwidXBkYXRlIjozNjAwMDAwMDAwMDAwfSwic2NoZW1hX3ZlcnNpb24iOiIzIn0="
        }
      ]
    },
    {
      "mode": "managed",
      "type": "azurerm_subnet_network_security_group_association",
      "name": "subnet_nsg_association",
      "provider": "provider[\"registry.terraform.io/hashicorp/azurerm\"]",
      "instances": [
        {
          "index_key": "subnet-apiserver",
          "schema_version": 0,
          "attributes": {
            "id": "/subscriptions/82f6d75e-85f4-434a-ab74-5dddd9fa8910/resourceGroups/rg-spoke-aks/providers/Microsoft.Network/virtualNetworks/vnet-spoke-aks/subnets/subnet-apiserver",
            "network_security_group_id": "/subscriptions/82f6d75e-85f4-434a-ab74-5dddd9fa8910/resourceGroups/rg-spoke-aks/providers/Microsoft.Network/networkSecurityGroups/nsg-vnet-spoke-aks",
            "subnet_id": "/subscriptions/82f6d75e-85f4-434a-ab74-5dddd9fa8910/resourceGroups/rg-spoke-aks/providers/Microsoft.Network/virtualNetworks/vnet-spoke-aks/subnets/subnet-apiserver",
            "timeouts": null
          },
          "sensitive_attributes": [],
          "private": "eyJlMmJmYjczMC1lY2FhLTExZTYtOGY4OC0zNDM2M2JjN2M0YzAiOnsiY3JlYXRlIjoxODAwMDAwMDAwMDAwLCJkZWxldGUiOjE4MDAwMDAwMDAwMDAsInJlYWQiOjMwMDAwMDAwMDAwMCwidXBkYXRlIjoxODAwMDAwMDAwMDAwfX0=",
          "dependencies": [
            "azurerm_network_security_group.nsg",
            "data.azurerm_resources.vnet",
            "data.azurerm_virtual_network.vnet"
          ]
        },
        {
          "index_key": "subnet-mgt",
          "schema_version": 0,
          "attributes": {
            "id": "/subscriptions/82f6d75e-85f4-434a-ab74-5dddd9fa8910/resourceGroups/rg-spoke-mgt/providers/Microsoft.Network/virtualNetworks/vnet-spoke-mgt/subnets/subnet-mgt",
            "network_security_group_id": "/subscriptions/82f6d75e-85f4-434a-ab74-5dddd9fa8910/resourceGroups/rg-spoke-mgt/providers/Microsoft.Network/networkSecurityGroups/nsg-vnet-spoke-mgt",
            "subnet_id": "/subscriptions/82f6d75e-85f4-434a-ab74-5dddd9fa8910/resourceGroups/rg-spoke-mgt/providers/Microsoft.Network/virtualNetworks/vnet-spoke-mgt/subnets/subnet-mgt",
            "timeouts": null
          },
          "sensitive_attributes": [],
          "private": "eyJlMmJmYjczMC1lY2FhLTExZTYtOGY4OC0zNDM2M2JjN2M0YzAiOnsiY3JlYXRlIjoxODAwMDAwMDAwMDAwLCJkZWxldGUiOjE4MDAwMDAwMDAwMDAsInJlYWQiOjMwMDAwMDAwMDAwMCwidXBkYXRlIjoxODAwMDAwMDAwMDAwfX0=",
          "dependencies": [
            "azurerm_network_security_group.nsg",
            "data.azurerm_resources.vnet",
            "data.azurerm_virtual_network.vnet"
          ]
        },
        {
          "index_key": "subnet-nodes",
          "schema_version": 0,
          "attributes": {
            "id": "/subscriptions/82f6d75e-85f4-434a-ab74-5dddd9fa8910/resourceGroups/rg-spoke-aks/providers/Microsoft.Network/virtualNetworks/vnet-spoke-aks/subnets/subnet-nodes",
            "network_security_group_id": "/subscriptions/82f6d75e-85f4-434a-ab74-5dddd9fa8910/resourceGroups/rg-spoke-aks/providers/Microsoft.Network/networkSecurityGroups/nsg-vnet-spoke-aks",
            "subnet_id": "/subscriptions/82f6d75e-85f4-434a-ab74-5dddd9fa8910/resourceGroups/rg-spoke-aks/providers/Microsoft.Network/virtualNetworks/vnet-spoke-aks/subnets/subnet-nodes",
            "timeouts": null
          },
          "sensitive_attributes": [],
          "private": "eyJlMmJmYjczMC1lY2FhLTExZTYtOGY4OC0zNDM2M2JjN2M0YzAiOnsiY3JlYXRlIjoxODAwMDAwMDAwMDAwLCJkZWxldGUiOjE4MDAwMDAwMDAwMDAsInJlYWQiOjMwMDAwMDAwMDAwMCwidXBkYXRlIjoxODAwMDAwMDAwMDAwfX0=",
          "dependencies": [
            "azurerm_network_security_group.nsg",
            "data.azurerm_resources.vnet",
            "data.azurerm_virtual_network.vnet"
          ]
        },
        {
          "index_key": "subnet-nodes-poolappsamd",
          "schema_version": 0,
          "attributes": {
            "id": "/subscriptions/82f6d75e-85f4-434a-ab74-5dddd9fa8910/resourceGroups/rg-spoke-aks/providers/Microsoft.Network/virtualNetworks/vnet-spoke-aks/subnets/subnet-nodes-poolappsamd",
            "network_security_group_id": "/subscriptions/82f6d75e-85f4-434a-ab74-5dddd9fa8910/resourceGroups/rg-spoke-aks/providers/Microsoft.Network/networkSecurityGroups/nsg-vnet-spoke-aks",
            "subnet_id": "/subscriptions/82f6d75e-85f4-434a-ab74-5dddd9fa8910/resourceGroups/rg-spoke-aks/providers/Microsoft.Network/virtualNetworks/vnet-spoke-aks/subnets/subnet-nodes-poolappsamd",
            "timeouts": null
          },
          "sensitive_attributes": [],
          "private": "eyJlMmJmYjczMC1lY2FhLTExZTYtOGY4OC0zNDM2M2JjN2M0YzAiOnsiY3JlYXRlIjoxODAwMDAwMDAwMDAwLCJkZWxldGUiOjE4MDAwMDAwMDAwMDAsInJlYWQiOjMwMDAwMDAwMDAwMCwidXBkYXRlIjoxODAwMDAwMDAwMDAwfX0=",
          "dependencies": [
            "azurerm_network_security_group.nsg",
            "data.azurerm_resources.vnet",
            "data.azurerm_virtual_network.vnet"
          ]
        },
        {
          "index_key": "subnet-pods",
          "schema_version": 0,
          "attributes": {
            "id": "/subscriptions/82f6d75e-85f4-434a-ab74-5dddd9fa8910/resourceGroups/rg-spoke-aks/providers/Microsoft.Network/virtualNetworks/vnet-spoke-aks/subnets/subnet-pods",
            "network_security_group_id": "/subscriptions/82f6d75e-85f4-434a-ab74-5dddd9fa8910/resourceGroups/rg-spoke-aks/providers/Microsoft.Network/networkSecurityGroups/nsg-vnet-spoke-aks",
            "subnet_id": "/subscriptions/82f6d75e-85f4-434a-ab74-5dddd9fa8910/resourceGroups/rg-spoke-aks/providers/Microsoft.Network/virtualNetworks/vnet-spoke-aks/subnets/subnet-pods",
            "timeouts": null
          },
          "sensitive_attributes": [],
          "private": "eyJlMmJmYjczMC1lY2FhLTExZTYtOGY4OC0zNDM2M2JjN2M0YzAiOnsiY3JlYXRlIjoxODAwMDAwMDAwMDAwLCJkZWxldGUiOjE4MDAwMDAwMDAwMDAsInJlYWQiOjMwMDAwMDAwMDAwMCwidXBkYXRlIjoxODAwMDAwMDAwMDAwfX0=",
          "dependencies": [
            "azurerm_network_security_group.nsg",
            "data.azurerm_resources.vnet",
            "data.azurerm_virtual_network.vnet"
          ]
        },
        {
          "index_key": "subnet-pods-poolappsamd",
          "schema_version": 0,
          "attributes": {
            "id": "/subscriptions/82f6d75e-85f4-434a-ab74-5dddd9fa8910/resourceGroups/rg-spoke-aks/providers/Microsoft.Network/virtualNetworks/vnet-spoke-aks/subnets/subnet-pods-poolappsamd",
            "network_security_group_id": "/subscriptions/82f6d75e-85f4-434a-ab74-5dddd9fa8910/resourceGroups/rg-spoke-aks/providers/Microsoft.Network/networkSecurityGroups/nsg-vnet-spoke-aks",
            "subnet_id": "/subscriptions/82f6d75e-85f4-434a-ab74-5dddd9fa8910/resourceGroups/rg-spoke-aks/providers/Microsoft.Network/virtualNetworks/vnet-spoke-aks/subnets/subnet-pods-poolappsamd",
            "timeouts": null
          },
          "sensitive_attributes": [],
          "private": "eyJlMmJmYjczMC1lY2FhLTExZTYtOGY4OC0zNDM2M2JjN2M0YzAiOnsiY3JlYXRlIjoxODAwMDAwMDAwMDAwLCJkZWxldGUiOjE4MDAwMDAwMDAwMDAsInJlYWQiOjMwMDAwMDAwMDAwMCwidXBkYXRlIjoxODAwMDAwMDAwMDAwfX0=",
          "dependencies": [
            "azurerm_network_security_group.nsg",
            "data.azurerm_resources.vnet",
            "data.azurerm_virtual_network.vnet"
          ]
        },
        {
          "index_key": "subnet-spoke-aks-pe",
          "schema_version": 0,
          "attributes": {
            "id": "/subscriptions/82f6d75e-85f4-434a-ab74-5dddd9fa8910/resourceGroups/rg-spoke-aks/providers/Microsoft.Network/virtualNetworks/vnet-spoke-aks/subnets/subnet-spoke-aks-pe",
            "network_security_group_id": "/subscriptions/82f6d75e-85f4-434a-ab74-5dddd9fa8910/resourceGroups/rg-spoke-aks/providers/Microsoft.Network/networkSecurityGroups/nsg-vnet-spoke-aks",
            "subnet_id": "/subscriptions/82f6d75e-85f4-434a-ab74-5dddd9fa8910/resourceGroups/rg-spoke-aks/providers/Microsoft.Network/virtualNetworks/vnet-spoke-aks/subnets/subnet-spoke-aks-pe",
            "timeouts": null
          },
          "sensitive_attributes": [],
          "private": "eyJlMmJmYjczMC1lY2FhLTExZTYtOGY4OC0zNDM2M2JjN2M0YzAiOnsiY3JlYXRlIjoxODAwMDAwMDAwMDAwLCJkZWxldGUiOjE4MDAwMDAwMDAwMDAsInJlYWQiOjMwMDAwMDAwMDAwMCwidXBkYXRlIjoxODAwMDAwMDAwMDAwfX0=",
          "dependencies": [
            "azurerm_network_security_group.nsg",
            "data.azurerm_resources.vnet",
            "data.azurerm_virtual_network.vnet"
          ]
        }
      ]
    },
    {
      "module": "module.azurerm_network_watcher_flow_log[\"aks-agentpool-35064155-nsg\"]",
      "mode": "managed",
      "type": "azurerm_network_watcher_flow_log",
      "name": "network_flow_logs",
      "provider": "provider[\"registry.terraform.io/hashicorp/azurerm\"]",
      "instances": [
        {
          "schema_version": 1,
          "attributes": {
            "enabled": true,
            "id": "/subscriptions/82f6d75e-85f4-434a-ab74-5dddd9fa8910/resourceGroups/NetworkWatcherRG/providers/Microsoft.Network/networkWatchers/NetworkWatcher_westeurope/flowLogs/aks-agentpool-35064155-nsg",
            "location": "westeurope",
            "name": "aks-agentpool-35064155-nsg",
            "network_security_group_id": "/subscriptions/82f6d75e-85f4-434a-ab74-5dddd9fa8910/resourceGroups/rg-spoke-aks-nodes/providers/Microsoft.Network/networkSecurityGroups/aks-agentpool-35064155-nsg",
            "network_watcher_name": "NetworkWatcher_westeurope",
            "resource_group_name": "NetworkWatcherRG",
            "retention_policy": [
              {
                "days": 7,
                "enabled": true
              }
            ],
            "storage_account_id": "/subscriptions/82f6d75e-85f4-434a-ab74-5dddd9fa8910/resourceGroups/NetworkWatcherRG/providers/Microsoft.Storage/storageAccounts/storageforlogs011",
            "tags": null,
            "timeouts": null,
            "traffic_analytics": [
              {
                "enabled": true,
                "interval_in_minutes": 10,
                "workspace_id": "ce74470c-ea0d-4f22-96ca-d782c083d1b0",
                "workspace_region": "westeurope",
                "workspace_resource_id": "/subscriptions/82f6d75e-85f4-434a-ab74-5dddd9fa8910/resourceGroups/rg-management/providers/Microsoft.OperationalInsights/workspaces/loganalyticsforaks011"
              }
            ],
            "version": 2
          },
          "sensitive_attributes": [],
          "private": "eyJlMmJmYjczMC1lY2FhLTExZTYtOGY4OC0zNDM2M2JjN2M0YzAiOnsiY3JlYXRlIjoxODAwMDAwMDAwMDAwLCJkZWxldGUiOjE4MDAwMDAwMDAwMDAsInJlYWQiOjMwMDAwMDAwMDAwMCwidXBkYXRlIjoxODAwMDAwMDAwMDAwfSwic2NoZW1hX3ZlcnNpb24iOiIxIn0=",
          "dependencies": [
            "azurerm_storage_account.network_log_data",
            "data.azurerm_network_watcher.network_watcher_regional",
            "data.azurerm_resources.nsg_flowlogs",
            "data.terraform_remote_state.management"
          ]
        }
      ]
    },
    {
      "module": "module.azurerm_network_watcher_flow_log[\"nsg-vnet-hub\"]",
      "mode": "managed",
      "type": "azurerm_network_watcher_flow_log",
      "name": "network_flow_logs",
      "provider": "provider[\"registry.terraform.io/hashicorp/azurerm\"]",
      "instances": [
        {
          "schema_version": 1,
          "attributes": {
            "enabled": true,
            "id": "/subscriptions/82f6d75e-85f4-434a-ab74-5dddd9fa8910/resourceGroups/NetworkWatcherRG/providers/Microsoft.Network/networkWatchers/NetworkWatcher_westeurope/flowLogs/nsg-vnet-hub",
            "location": "westeurope",
            "name": "nsg-vnet-hub",
            "network_security_group_id": "/subscriptions/82f6d75e-85f4-434a-ab74-5dddd9fa8910/resourceGroups/rg-hub/providers/Microsoft.Network/networkSecurityGroups/nsg-vnet-hub",
            "network_watcher_name": "NetworkWatcher_westeurope",
            "resource_group_name": "NetworkWatcherRG",
            "retention_policy": [
              {
                "days": 7,
                "enabled": true
              }
            ],
            "storage_account_id": "/subscriptions/82f6d75e-85f4-434a-ab74-5dddd9fa8910/resourceGroups/NetworkWatcherRG/providers/Microsoft.Storage/storageAccounts/storageforlogs011",
            "tags": null,
            "timeouts": null,
            "traffic_analytics": [
              {
                "enabled": true,
                "interval_in_minutes": 10,
                "workspace_id": "ce74470c-ea0d-4f22-96ca-d782c083d1b0",
                "workspace_region": "westeurope",
                "workspace_resource_id": "/subscriptions/82f6d75e-85f4-434a-ab74-5dddd9fa8910/resourceGroups/rg-management/providers/Microsoft.OperationalInsights/workspaces/loganalyticsforaks011"
              }
            ],
            "version": 2
          },
          "sensitive_attributes": [],
          "private": "eyJlMmJmYjczMC1lY2FhLTExZTYtOGY4OC0zNDM2M2JjN2M0YzAiOnsiY3JlYXRlIjoxODAwMDAwMDAwMDAwLCJkZWxldGUiOjE4MDAwMDAwMDAwMDAsInJlYWQiOjMwMDAwMDAwMDAwMCwidXBkYXRlIjoxODAwMDAwMDAwMDAwfSwic2NoZW1hX3ZlcnNpb24iOiIxIn0=",
          "dependencies": [
            "azurerm_storage_account.network_log_data",
            "data.azurerm_network_watcher.network_watcher_regional",
            "data.azurerm_resources.nsg_flowlogs",
            "data.terraform_remote_state.management"
          ]
        }
      ]
    },
    {
      "module": "module.azurerm_network_watcher_flow_log[\"nsg-vnet-spoke-aks\"]",
      "mode": "managed",
      "type": "azurerm_network_watcher_flow_log",
      "name": "network_flow_logs",
      "provider": "provider[\"registry.terraform.io/hashicorp/azurerm\"]",
      "instances": [
        {
          "schema_version": 1,
          "attributes": {
            "enabled": true,
            "id": "/subscriptions/82f6d75e-85f4-434a-ab74-5dddd9fa8910/resourceGroups/NetworkWatcherRG/providers/Microsoft.Network/networkWatchers/NetworkWatcher_westeurope/flowLogs/nsg-vnet-spoke-aks",
            "location": "westeurope",
            "name": "nsg-vnet-spoke-aks",
            "network_security_group_id": "/subscriptions/82f6d75e-85f4-434a-ab74-5dddd9fa8910/resourceGroups/rg-spoke-aks/providers/Microsoft.Network/networkSecurityGroups/nsg-vnet-spoke-aks",
            "network_watcher_name": "NetworkWatcher_westeurope",
            "resource_group_name": "NetworkWatcherRG",
            "retention_policy": [
              {
                "days": 7,
                "enabled": true
              }
            ],
            "storage_account_id": "/subscriptions/82f6d75e-85f4-434a-ab74-5dddd9fa8910/resourceGroups/NetworkWatcherRG/providers/Microsoft.Storage/storageAccounts/storageforlogs011",
            "tags": null,
            "timeouts": null,
            "traffic_analytics": [
              {
                "enabled": true,
                "interval_in_minutes": 10,
                "workspace_id": "ce74470c-ea0d-4f22-96ca-d782c083d1b0",
                "workspace_region": "westeurope",
                "workspace_resource_id": "/subscriptions/82f6d75e-85f4-434a-ab74-5dddd9fa8910/resourceGroups/rg-management/providers/Microsoft.OperationalInsights/workspaces/loganalyticsforaks011"
              }
            ],
            "version": 2
          },
          "sensitive_attributes": [],
          "private": "eyJlMmJmYjczMC1lY2FhLTExZTYtOGY4OC0zNDM2M2JjN2M0YzAiOnsiY3JlYXRlIjoxODAwMDAwMDAwMDAwLCJkZWxldGUiOjE4MDAwMDAwMDAwMDAsInJlYWQiOjMwMDAwMDAwMDAwMCwidXBkYXRlIjoxODAwMDAwMDAwMDAwfSwic2NoZW1hX3ZlcnNpb24iOiIxIn0=",
          "dependencies": [
            "azurerm_storage_account.network_log_data",
            "data.azurerm_network_watcher.network_watcher_regional",
            "data.azurerm_resources.nsg_flowlogs",
            "data.terraform_remote_state.management"
          ]
        }
      ]
    },
    {
      "module": "module.azurerm_network_watcher_flow_log[\"nsg-vnet-spoke-mgt\"]",
      "mode": "managed",
      "type": "azurerm_network_watcher_flow_log",
      "name": "network_flow_logs",
      "provider": "provider[\"registry.terraform.io/hashicorp/azurerm\"]",
      "instances": [
        {
          "schema_version": 1,
          "attributes": {
            "enabled": true,
            "id": "/subscriptions/82f6d75e-85f4-434a-ab74-5dddd9fa8910/resourceGroups/NetworkWatcherRG/providers/Microsoft.Network/networkWatchers/NetworkWatcher_westeurope/flowLogs/nsg-vnet-spoke-mgt",
            "location": "westeurope",
            "name": "nsg-vnet-spoke-mgt",
            "network_security_group_id": "/subscriptions/82f6d75e-85f4-434a-ab74-5dddd9fa8910/resourceGroups/rg-spoke-mgt/providers/Microsoft.Network/networkSecurityGroups/nsg-vnet-spoke-mgt",
            "network_watcher_name": "NetworkWatcher_westeurope",
            "resource_group_name": "NetworkWatcherRG",
            "retention_policy": [
              {
                "days": 7,
                "enabled": true
              }
            ],
            "storage_account_id": "/subscriptions/82f6d75e-85f4-434a-ab74-5dddd9fa8910/resourceGroups/NetworkWatcherRG/providers/Microsoft.Storage/storageAccounts/storageforlogs011",
            "tags": null,
            "timeouts": null,
            "traffic_analytics": [
              {
                "enabled": true,
                "interval_in_minutes": 10,
                "workspace_id": "ce74470c-ea0d-4f22-96ca-d782c083d1b0",
                "workspace_region": "westeurope",
                "workspace_resource_id": "/subscriptions/82f6d75e-85f4-434a-ab74-5dddd9fa8910/resourceGroups/rg-management/providers/Microsoft.OperationalInsights/workspaces/loganalyticsforaks011"
              }
            ],
            "version": 2
          },
          "sensitive_attributes": [],
          "private": "eyJlMmJmYjczMC1lY2FhLTExZTYtOGY4OC0zNDM2M2JjN2M0YzAiOnsiY3JlYXRlIjoxODAwMDAwMDAwMDAwLCJkZWxldGUiOjE4MDAwMDAwMDAwMDAsInJlYWQiOjMwMDAwMDAwMDAwMCwidXBkYXRlIjoxODAwMDAwMDAwMDAwfSwic2NoZW1hX3ZlcnNpb24iOiIxIn0=",
          "dependencies": [
            "azurerm_storage_account.network_log_data",
            "data.azurerm_network_watcher.network_watcher_regional",
            "data.azurerm_resources.nsg_flowlogs",
            "data.terraform_remote_state.management"
          ]
        }
      ]
    },
    {
      "module": "module.diagnostic_setting[\"/subscriptions/82f6d75e-85f4-434a-ab74-5dddd9fa8910/resourceGroups/NetworkWatcherRG/providers/Microsoft.Storage/storageAccounts/storageforlogs011\"]",
      "mode": "data",
      "type": "azurerm_monitor_diagnostic_categories",
      "name": "categories",
      "provider": "provider[\"registry.terraform.io/hashicorp/azurerm\"]",
      "instances": [
        {
          "schema_version": 0,
          "attributes": {
            "id": "/subscriptions/82f6d75e-85f4-434a-ab74-5dddd9fa8910/resourceGroups/NetworkWatcherRG/providers/Microsoft.Storage/storageAccounts/storageforlogs011",
            "log_category_groups": [],
            "log_category_types": [],
            "logs": [],
            "metrics": [
              "Capacity",
              "Transaction"
            ],
            "resource_id": "/subscriptions/82f6d75e-85f4-434a-ab74-5dddd9fa8910/resourceGroups/NetworkWatcherRG/providers/Microsoft.Storage/storageAccounts/storageforlogs011",
            "timeouts": null
          },
          "sensitive_attributes": []
        }
      ]
    },
    {
      "module": "module.diagnostic_setting[\"/subscriptions/82f6d75e-85f4-434a-ab74-5dddd9fa8910/resourceGroups/NetworkWatcherRG/providers/Microsoft.Storage/storageAccounts/storageforlogs011\"]",
      "mode": "managed",
      "type": "azurerm_monitor_diagnostic_setting",
      "name": "diagnostic_settings",
      "provider": "provider[\"registry.terraform.io/hashicorp/azurerm\"]",
      "instances": [
        {
          "schema_version": 0,
          "attributes": {
            "enabled_log": [],
            "eventhub_authorization_rule_id": "",
            "eventhub_name": "",
            "id": "/subscriptions/82f6d75e-85f4-434a-ab74-5dddd9fa8910/resourceGroups/NetworkWatcherRG/providers/Microsoft.Storage/storageAccounts/storageforlogs011|diagnostic-settings",
            "log": [],
            "log_analytics_destination_type": "",
            "log_analytics_workspace_id": "/subscriptions/82f6d75e-85f4-434a-ab74-5dddd9fa8910/resourceGroups/rg-management/providers/Microsoft.OperationalInsights/workspaces/loganalyticsforaks011",
            "metric": [
              {
                "category": "Capacity",
                "enabled": true,
                "retention_policy": [
                  {
                    "days": 7,
                    "enabled": true
                  }
                ]
              },
              {
                "category": "Transaction",
                "enabled": true,
                "retention_policy": [
                  {
                    "days": 7,
                    "enabled": true
                  }
                ]
              }
            ],
            "name": "diagnostic-settings",
            "partner_solution_id": null,
            "storage_account_id": null,
            "target_resource_id": "/subscriptions/82f6d75e-85f4-434a-ab74-5dddd9fa8910/resourceGroups/NetworkWatcherRG/providers/Microsoft.Storage/storageAccounts/storageforlogs011",
            "timeouts": null
          },
          "sensitive_attributes": [],
          "private": "eyJlMmJmYjczMC1lY2FhLTExZTYtOGY4OC0zNDM2M2JjN2M0YzAiOnsiY3JlYXRlIjoxODAwMDAwMDAwMDAwLCJkZWxldGUiOjM2MDAwMDAwMDAwMDAsInJlYWQiOjMwMDAwMDAwMDAwMCwidXBkYXRlIjoxODAwMDAwMDAwMDAwfX0=",
          "dependencies": [
            "data.azurerm_resources.resources_ds",
            "data.terraform_remote_state.management",
            "module.diagnostic_setting.data.azurerm_monitor_diagnostic_categories.categories"
          ]
        }
      ]
    },
    {
      "module": "module.diagnostic_setting[\"/subscriptions/82f6d75e-85f4-434a-ab74-5dddd9fa8910/resourceGroups/rg-hub/providers/Microsoft.Network/azureFirewalls/firewall-hub\"]",
      "mode": "data",
      "type": "azurerm_monitor_diagnostic_categories",
      "name": "categories",
      "provider": "provider[\"registry.terraform.io/hashicorp/azurerm\"]",
      "instances": [
        {
          "schema_version": 0,
          "attributes": {
            "id": "/subscriptions/82f6d75e-85f4-434a-ab74-5dddd9fa8910/resourceGroups/rg-hub/providers/Microsoft.Network/azureFirewalls/firewall-hub",
            "log_category_groups": [
              "allLogs"
            ],
            "log_category_types": [
              "AZFWApplicationRule",
              "AZFWApplicationRuleAggregation",
              "AZFWDnsQuery",
              "AZFWFatFlow",
              "AZFWFlowTrace",
              "AZFWFqdnResolveFailure",
              "AZFWIdpsSignature",
              "AZFWNatRule",
              "AZFWNatRuleAggregation",
              "AZFWNetworkRule",
              "AZFWNetworkRuleAggregation",
              "AZFWThreatIntel",
              "AzureFirewallApplicationRule",
              "AzureFirewallDnsProxy",
              "AzureFirewallNetworkRule"
            ],
            "logs": [
              "AZFWApplicationRule",
              "AZFWApplicationRuleAggregation",
              "AZFWDnsQuery",
              "AZFWFatFlow",
              "AZFWFlowTrace",
              "AZFWFqdnResolveFailure",
              "AZFWIdpsSignature",
              "AZFWNatRule",
              "AZFWNatRuleAggregation",
              "AZFWNetworkRule",
              "AZFWNetworkRuleAggregation",
              "AZFWThreatIntel",
              "AzureFirewallApplicationRule",
              "AzureFirewallDnsProxy",
              "AzureFirewallNetworkRule"
            ],
            "metrics": [
              "AllMetrics"
            ],
            "resource_id": "/subscriptions/82f6d75e-85f4-434a-ab74-5dddd9fa8910/resourceGroups/rg-hub/providers/Microsoft.Network/azureFirewalls/firewall-hub",
            "timeouts": null
          },
          "sensitive_attributes": []
        }
      ]
    },
    {
      "module": "module.diagnostic_setting[\"/subscriptions/82f6d75e-85f4-434a-ab74-5dddd9fa8910/resourceGroups/rg-hub/providers/Microsoft.Network/azureFirewalls/firewall-hub\"]",
      "mode": "managed",
      "type": "azurerm_monitor_diagnostic_setting",
      "name": "diagnostic_settings",
      "provider": "provider[\"registry.terraform.io/hashicorp/azurerm\"]",
      "instances": [
        {
          "schema_version": 0,
          "attributes": {
            "enabled_log": [
              {
                "category": "AZFWApplicationRule",
                "category_group": "",
                "retention_policy": [
                  {
                    "days": 7,
                    "enabled": true
                  }
                ]
              },
              {
                "category": "AZFWApplicationRuleAggregation",
                "category_group": "",
                "retention_policy": [
                  {
                    "days": 7,
                    "enabled": true
                  }
                ]
              },
              {
                "category": "AZFWDnsQuery",
                "category_group": "",
                "retention_policy": [
                  {
                    "days": 7,
                    "enabled": true
                  }
                ]
              },
              {
                "category": "AZFWFatFlow",
                "category_group": "",
                "retention_policy": [
                  {
                    "days": 7,
                    "enabled": true
                  }
                ]
              },
              {
                "category": "AZFWFlowTrace",
                "category_group": "",
                "retention_policy": [
                  {
                    "days": 7,
                    "enabled": true
                  }
                ]
              },
              {
                "category": "AZFWFqdnResolveFailure",
                "category_group": "",
                "retention_policy": [
                  {
                    "days": 7,
                    "enabled": true
                  }
                ]
              },
              {
                "category": "AZFWIdpsSignature",
                "category_group": "",
                "retention_policy": [
                  {
                    "days": 7,
                    "enabled": true
                  }
                ]
              },
              {
                "category": "AZFWNatRule",
                "category_group": "",
                "retention_policy": [
                  {
                    "days": 7,
                    "enabled": true
                  }
                ]
              },
              {
                "category": "AZFWNatRuleAggregation",
                "category_group": "",
                "retention_policy": [
                  {
                    "days": 7,
                    "enabled": true
                  }
                ]
              },
              {
                "category": "AZFWNetworkRule",
                "category_group": "",
                "retention_policy": [
                  {
                    "days": 7,
                    "enabled": true
                  }
                ]
              },
              {
                "category": "AZFWNetworkRuleAggregation",
                "category_group": "",
                "retention_policy": [
                  {
                    "days": 7,
                    "enabled": true
                  }
                ]
              },
              {
                "category": "AZFWThreatIntel",
                "category_group": "",
                "retention_policy": [
                  {
                    "days": 7,
                    "enabled": true
                  }
                ]
              },
              {
                "category": "AzureFirewallApplicationRule",
                "category_group": "",
                "retention_policy": [
                  {
                    "days": 7,
                    "enabled": true
                  }
                ]
              },
              {
                "category": "AzureFirewallDnsProxy",
                "category_group": "",
                "retention_policy": [
                  {
                    "days": 7,
                    "enabled": true
                  }
                ]
              },
              {
                "category": "AzureFirewallNetworkRule",
                "category_group": "",
                "retention_policy": [
                  {
                    "days": 7,
                    "enabled": true
                  }
                ]
              }
            ],
            "eventhub_authorization_rule_id": "",
            "eventhub_name": "",
            "id": "/subscriptions/82f6d75e-85f4-434a-ab74-5dddd9fa8910/resourceGroups/rg-hub/providers/Microsoft.Network/azureFirewalls/firewall-hub|diagnostic-settings",
            "log": [
              {
                "category": "AZFWApplicationRule",
                "category_group": "",
                "enabled": true,
                "retention_policy": [
                  {
                    "days": 7,
                    "enabled": true
                  }
                ]
              },
              {
                "category": "AZFWApplicationRuleAggregation",
                "category_group": "",
                "enabled": true,
                "retention_policy": [
                  {
                    "days": 7,
                    "enabled": true
                  }
                ]
              },
              {
                "category": "AZFWDnsQuery",
                "category_group": "",
                "enabled": true,
                "retention_policy": [
                  {
                    "days": 7,
                    "enabled": true
                  }
                ]
              },
              {
                "category": "AZFWFatFlow",
                "category_group": "",
                "enabled": true,
                "retention_policy": [
                  {
                    "days": 7,
                    "enabled": true
                  }
                ]
              },
              {
                "category": "AZFWFlowTrace",
                "category_group": "",
                "enabled": true,
                "retention_policy": [
                  {
                    "days": 7,
                    "enabled": true
                  }
                ]
              },
              {
                "category": "AZFWFqdnResolveFailure",
                "category_group": "",
                "enabled": true,
                "retention_policy": [
                  {
                    "days": 7,
                    "enabled": true
                  }
                ]
              },
              {
                "category": "AZFWIdpsSignature",
                "category_group": "",
                "enabled": true,
                "retention_policy": [
                  {
                    "days": 7,
                    "enabled": true
                  }
                ]
              },
              {
                "category": "AZFWNatRule",
                "category_group": "",
                "enabled": true,
                "retention_policy": [
                  {
                    "days": 7,
                    "enabled": true
                  }
                ]
              },
              {
                "category": "AZFWNatRuleAggregation",
                "category_group": "",
                "enabled": true,
                "retention_policy": [
                  {
                    "days": 7,
                    "enabled": true
                  }
                ]
              },
              {
                "category": "AZFWNetworkRule",
                "category_group": "",
                "enabled": true,
                "retention_policy": [
                  {
                    "days": 7,
                    "enabled": true
                  }
                ]
              },
              {
                "category": "AZFWNetworkRuleAggregation",
                "category_group": "",
                "enabled": true,
                "retention_policy": [
                  {
                    "days": 7,
                    "enabled": true
                  }
                ]
              },
              {
                "category": "AZFWThreatIntel",
                "category_group": "",
                "enabled": true,
                "retention_policy": [
                  {
                    "days": 7,
                    "enabled": true
                  }
                ]
              },
              {
                "category": "AzureFirewallApplicationRule",
                "category_group": "",
                "enabled": true,
                "retention_policy": [
                  {
                    "days": 7,
                    "enabled": true
                  }
                ]
              },
              {
                "category": "AzureFirewallDnsProxy",
                "category_group": "",
                "enabled": true,
                "retention_policy": [
                  {
                    "days": 7,
                    "enabled": true
                  }
                ]
              },
              {
                "category": "AzureFirewallNetworkRule",
                "category_group": "",
                "enabled": true,
                "retention_policy": [
                  {
                    "days": 7,
                    "enabled": true
                  }
                ]
              }
            ],
            "log_analytics_destination_type": "AzureDiagnostics",
            "log_analytics_workspace_id": "/subscriptions/82f6d75e-85f4-434a-ab74-5dddd9fa8910/resourceGroups/rg-management/providers/Microsoft.OperationalInsights/workspaces/loganalyticsforaks011",
            "metric": [
              {
                "category": "AllMetrics",
                "enabled": true,
                "retention_policy": [
                  {
                    "days": 7,
                    "enabled": true
                  }
                ]
              }
            ],
            "name": "diagnostic-settings",
            "partner_solution_id": null,
            "storage_account_id": null,
            "target_resource_id": "/subscriptions/82f6d75e-85f4-434a-ab74-5dddd9fa8910/resourceGroups/rg-hub/providers/Microsoft.Network/azureFirewalls/firewall-hub",
            "timeouts": null
          },
          "sensitive_attributes": [],
          "private": "eyJlMmJmYjczMC1lY2FhLTExZTYtOGY4OC0zNDM2M2JjN2M0YzAiOnsiY3JlYXRlIjoxODAwMDAwMDAwMDAwLCJkZWxldGUiOjM2MDAwMDAwMDAwMDAsInJlYWQiOjMwMDAwMDAwMDAwMCwidXBkYXRlIjoxODAwMDAwMDAwMDAwfX0=",
          "dependencies": [
            "data.azurerm_resources.resources_ds",
            "data.terraform_remote_state.management",
            "module.diagnostic_setting.data.azurerm_monitor_diagnostic_categories.categories"
          ]
        }
      ]
    },
    {
      "module": "module.diagnostic_setting[\"/subscriptions/82f6d75e-85f4-434a-ab74-5dddd9fa8910/resourceGroups/rg-hub/providers/Microsoft.Network/networkSecurityGroups/nsg-vnet-hub\"]",
      "mode": "data",
      "type": "azurerm_monitor_diagnostic_categories",
      "name": "categories",
      "provider": "provider[\"registry.terraform.io/hashicorp/azurerm\"]",
      "instances": [
        {
          "schema_version": 0,
          "attributes": {
            "id": "/subscriptions/82f6d75e-85f4-434a-ab74-5dddd9fa8910/resourceGroups/rg-hub/providers/Microsoft.Network/networkSecurityGroups/nsg-vnet-hub",
            "log_category_groups": [
              "allLogs"
            ],
            "log_category_types": [
              "NetworkSecurityGroupEvent",
              "NetworkSecurityGroupRuleCounter"
            ],
            "logs": [
              "NetworkSecurityGroupEvent",
              "NetworkSecurityGroupRuleCounter"
            ],
            "metrics": [],
            "resource_id": "/subscriptions/82f6d75e-85f4-434a-ab74-5dddd9fa8910/resourceGroups/rg-hub/providers/Microsoft.Network/networkSecurityGroups/nsg-vnet-hub",
            "timeouts": null
          },
          "sensitive_attributes": []
        }
      ]
    },
    {
      "module": "module.diagnostic_setting[\"/subscriptions/82f6d75e-85f4-434a-ab74-5dddd9fa8910/resourceGroups/rg-hub/providers/Microsoft.Network/networkSecurityGroups/nsg-vnet-hub\"]",
      "mode": "managed",
      "type": "azurerm_monitor_diagnostic_setting",
      "name": "diagnostic_settings",
      "provider": "provider[\"registry.terraform.io/hashicorp/azurerm\"]",
      "instances": [
        {
          "schema_version": 0,
          "attributes": {
            "enabled_log": [
              {
                "category": "NetworkSecurityGroupEvent",
                "category_group": "",
                "retention_policy": [
                  {
                    "days": 7,
                    "enabled": true
                  }
                ]
              },
              {
                "category": "NetworkSecurityGroupRuleCounter",
                "category_group": "",
                "retention_policy": [
                  {
                    "days": 7,
                    "enabled": true
                  }
                ]
              }
            ],
            "eventhub_authorization_rule_id": "",
            "eventhub_name": "",
            "id": "/subscriptions/82f6d75e-85f4-434a-ab74-5dddd9fa8910/resourceGroups/rg-hub/providers/Microsoft.Network/networkSecurityGroups/nsg-vnet-hub|diagnostic-settings",
            "log": [
              {
                "category": "NetworkSecurityGroupEvent",
                "category_group": "",
                "enabled": true,
                "retention_policy": [
                  {
                    "days": 7,
                    "enabled": true
                  }
                ]
              },
              {
                "category": "NetworkSecurityGroupRuleCounter",
                "category_group": "",
                "enabled": true,
                "retention_policy": [
                  {
                    "days": 7,
                    "enabled": true
                  }
                ]
              }
            ],
            "log_analytics_destination_type": "",
            "log_analytics_workspace_id": "/subscriptions/82f6d75e-85f4-434a-ab74-5dddd9fa8910/resourceGroups/rg-management/providers/Microsoft.OperationalInsights/workspaces/loganalyticsforaks011",
            "metric": [],
            "name": "diagnostic-settings",
            "partner_solution_id": null,
            "storage_account_id": null,
            "target_resource_id": "/subscriptions/82f6d75e-85f4-434a-ab74-5dddd9fa8910/resourceGroups/rg-hub/providers/Microsoft.Network/networkSecurityGroups/nsg-vnet-hub",
            "timeouts": null
          },
          "sensitive_attributes": [],
          "private": "eyJlMmJmYjczMC1lY2FhLTExZTYtOGY4OC0zNDM2M2JjN2M0YzAiOnsiY3JlYXRlIjoxODAwMDAwMDAwMDAwLCJkZWxldGUiOjM2MDAwMDAwMDAwMDAsInJlYWQiOjMwMDAwMDAwMDAwMCwidXBkYXRlIjoxODAwMDAwMDAwMDAwfX0=",
          "dependencies": [
            "data.azurerm_resources.resources_ds",
            "data.terraform_remote_state.management",
            "module.diagnostic_setting.data.azurerm_monitor_diagnostic_categories.categories"
          ]
        }
      ]
    },
    {
      "module": "module.diagnostic_setting[\"/subscriptions/82f6d75e-85f4-434a-ab74-5dddd9fa8910/resourceGroups/rg-hub/providers/Microsoft.Network/publicIPAddresses/public-ip-firewall\"]",
      "mode": "data",
      "type": "azurerm_monitor_diagnostic_categories",
      "name": "categories",
      "provider": "provider[\"registry.terraform.io/hashicorp/azurerm\"]",
      "instances": [
        {
          "schema_version": 0,
          "attributes": {
            "id": "/subscriptions/82f6d75e-85f4-434a-ab74-5dddd9fa8910/resourceGroups/rg-hub/providers/Microsoft.Network/publicIPAddresses/public-ip-firewall",
            "log_category_groups": [
              "allLogs",
              "audit"
            ],
            "log_category_types": [
              "DDoSMitigationFlowLogs",
              "DDoSMitigationReports",
              "DDoSProtectionNotifications"
            ],
            "logs": [
              "DDoSMitigationFlowLogs",
              "DDoSMitigationReports",
              "DDoSProtectionNotifications"
            ],
            "metrics": [
              "AllMetrics"
            ],
            "resource_id": "/subscriptions/82f6d75e-85f4-434a-ab74-5dddd9fa8910/resourceGroups/rg-hub/providers/Microsoft.Network/publicIPAddresses/public-ip-firewall",
            "timeouts": null
          },
          "sensitive_attributes": []
        }
      ]
    },
    {
      "module": "module.diagnostic_setting[\"/subscriptions/82f6d75e-85f4-434a-ab74-5dddd9fa8910/resourceGroups/rg-hub/providers/Microsoft.Network/publicIPAddresses/public-ip-firewall\"]",
      "mode": "managed",
      "type": "azurerm_monitor_diagnostic_setting",
      "name": "diagnostic_settings",
      "provider": "provider[\"registry.terraform.io/hashicorp/azurerm\"]",
      "instances": [
        {
          "schema_version": 0,
          "attributes": {
            "enabled_log": [
              {
                "category": "DDoSMitigationFlowLogs",
                "category_group": "",
                "retention_policy": [
                  {
                    "days": 7,
                    "enabled": true
                  }
                ]
              },
              {
                "category": "DDoSMitigationReports",
                "category_group": "",
                "retention_policy": [
                  {
                    "days": 7,
                    "enabled": true
                  }
                ]
              },
              {
                "category": "DDoSProtectionNotifications",
                "category_group": "",
                "retention_policy": [
                  {
                    "days": 7,
                    "enabled": true
                  }
                ]
              }
            ],
            "eventhub_authorization_rule_id": "",
            "eventhub_name": "",
            "id": "/subscriptions/82f6d75e-85f4-434a-ab74-5dddd9fa8910/resourceGroups/rg-hub/providers/Microsoft.Network/publicIPAddresses/public-ip-firewall|diagnostic-settings",
            "log": [
              {
                "category": "DDoSMitigationFlowLogs",
                "category_group": "",
                "enabled": true,
                "retention_policy": [
                  {
                    "days": 7,
                    "enabled": true
                  }
                ]
              },
              {
                "category": "DDoSMitigationReports",
                "category_group": "",
                "enabled": true,
                "retention_policy": [
                  {
                    "days": 7,
                    "enabled": true
                  }
                ]
              },
              {
                "category": "DDoSProtectionNotifications",
                "category_group": "",
                "enabled": true,
                "retention_policy": [
                  {
                    "days": 7,
                    "enabled": true
                  }
                ]
              }
            ],
            "log_analytics_destination_type": "",
            "log_analytics_workspace_id": "/subscriptions/82f6d75e-85f4-434a-ab74-5dddd9fa8910/resourceGroups/rg-management/providers/Microsoft.OperationalInsights/workspaces/loganalyticsforaks011",
            "metric": [
              {
                "category": "AllMetrics",
                "enabled": true,
                "retention_policy": [
                  {
                    "days": 7,
                    "enabled": true
                  }
                ]
              }
            ],
            "name": "diagnostic-settings",
            "partner_solution_id": null,
            "storage_account_id": null,
            "target_resource_id": "/subscriptions/82f6d75e-85f4-434a-ab74-5dddd9fa8910/resourceGroups/rg-hub/providers/Microsoft.Network/publicIPAddresses/public-ip-firewall",
            "timeouts": null
          },
          "sensitive_attributes": [],
          "private": "eyJlMmJmYjczMC1lY2FhLTExZTYtOGY4OC0zNDM2M2JjN2M0YzAiOnsiY3JlYXRlIjoxODAwMDAwMDAwMDAwLCJkZWxldGUiOjM2MDAwMDAwMDAwMDAsInJlYWQiOjMwMDAwMDAwMDAwMCwidXBkYXRlIjoxODAwMDAwMDAwMDAwfX0=",
          "dependencies": [
            "data.azurerm_resources.resources_ds",
            "data.terraform_remote_state.management",
            "module.diagnostic_setting.data.azurerm_monitor_diagnostic_categories.categories"
          ]
        }
      ]
    },
    {
      "module": "module.diagnostic_setting[\"/subscriptions/82f6d75e-85f4-434a-ab74-5dddd9fa8910/resourceGroups/rg-hub/providers/Microsoft.Network/virtualNetworks/vnet-hub\"]",
      "mode": "data",
      "type": "azurerm_monitor_diagnostic_categories",
      "name": "categories",
      "provider": "provider[\"registry.terraform.io/hashicorp/azurerm\"]",
      "instances": [
        {
          "schema_version": 0,
          "attributes": {
            "id": "/subscriptions/82f6d75e-85f4-434a-ab74-5dddd9fa8910/resourceGroups/rg-hub/providers/Microsoft.Network/virtualNetworks/vnet-hub",
            "log_category_groups": [
              "allLogs"
            ],
            "log_category_types": [
              "VMProtectionAlerts"
            ],
            "logs": [
              "VMProtectionAlerts"
            ],
            "metrics": [
              "AllMetrics"
            ],
            "resource_id": "/subscriptions/82f6d75e-85f4-434a-ab74-5dddd9fa8910/resourceGroups/rg-hub/providers/Microsoft.Network/virtualNetworks/vnet-hub",
            "timeouts": null
          },
          "sensitive_attributes": []
        }
      ]
    },
    {
      "module": "module.diagnostic_setting[\"/subscriptions/82f6d75e-85f4-434a-ab74-5dddd9fa8910/resourceGroups/rg-hub/providers/Microsoft.Network/virtualNetworks/vnet-hub\"]",
      "mode": "managed",
      "type": "azurerm_monitor_diagnostic_setting",
      "name": "diagnostic_settings",
      "provider": "provider[\"registry.terraform.io/hashicorp/azurerm\"]",
      "instances": [
        {
          "schema_version": 0,
          "attributes": {
            "enabled_log": [
              {
                "category": "VMProtectionAlerts",
                "category_group": "",
                "retention_policy": [
                  {
                    "days": 7,
                    "enabled": true
                  }
                ]
              }
            ],
            "eventhub_authorization_rule_id": "",
            "eventhub_name": "",
            "id": "/subscriptions/82f6d75e-85f4-434a-ab74-5dddd9fa8910/resourceGroups/rg-hub/providers/Microsoft.Network/virtualNetworks/vnet-hub|diagnostic-settings",
            "log": [
              {
                "category": "VMProtectionAlerts",
                "category_group": "",
                "enabled": true,
                "retention_policy": [
                  {
                    "days": 7,
                    "enabled": true
                  }
                ]
              }
            ],
            "log_analytics_destination_type": "",
            "log_analytics_workspace_id": "/subscriptions/82f6d75e-85f4-434a-ab74-5dddd9fa8910/resourceGroups/rg-management/providers/Microsoft.OperationalInsights/workspaces/loganalyticsforaks011",
            "metric": [
              {
                "category": "AllMetrics",
                "enabled": true,
                "retention_policy": [
                  {
                    "days": 7,
                    "enabled": true
                  }
                ]
              }
            ],
            "name": "diagnostic-settings",
            "partner_solution_id": null,
            "storage_account_id": null,
            "target_resource_id": "/subscriptions/82f6d75e-85f4-434a-ab74-5dddd9fa8910/resourceGroups/rg-hub/providers/Microsoft.Network/virtualNetworks/vnet-hub",
            "timeouts": null
          },
          "sensitive_attributes": [],
          "private": "eyJlMmJmYjczMC1lY2FhLTExZTYtOGY4OC0zNDM2M2JjN2M0YzAiOnsiY3JlYXRlIjoxODAwMDAwMDAwMDAwLCJkZWxldGUiOjM2MDAwMDAwMDAwMDAsInJlYWQiOjMwMDAwMDAwMDAwMCwidXBkYXRlIjoxODAwMDAwMDAwMDAwfX0=",
          "dependencies": [
            "data.azurerm_resources.resources_ds",
            "data.terraform_remote_state.management",
            "module.diagnostic_setting.data.azurerm_monitor_diagnostic_categories.categories"
          ]
        }
      ]
    },
    {
      "module": "module.diagnostic_setting[\"/subscriptions/82f6d75e-85f4-434a-ab74-5dddd9fa8910/resourceGroups/rg-management/providers/Microsoft.OperationalInsights/workspaces/loganalyticsforaks011\"]",
      "mode": "data",
      "type": "azurerm_monitor_diagnostic_categories",
      "name": "categories",
      "provider": "provider[\"registry.terraform.io/hashicorp/azurerm\"]",
      "instances": [
        {
          "schema_version": 0,
          "attributes": {
            "id": "/subscriptions/82f6d75e-85f4-434a-ab74-5dddd9fa8910/resourceGroups/rg-management/providers/Microsoft.OperationalInsights/workspaces/loganalyticsforaks011",
            "log_category_groups": [
              "allLogs",
              "audit"
            ],
            "log_category_types": [
              "Audit"
            ],
            "logs": [
              "Audit"
            ],
            "metrics": [
              "AllMetrics"
            ],
            "resource_id": "/subscriptions/82f6d75e-85f4-434a-ab74-5dddd9fa8910/resourceGroups/rg-management/providers/Microsoft.OperationalInsights/workspaces/loganalyticsforaks011",
            "timeouts": null
          },
          "sensitive_attributes": []
        }
      ]
    },
    {
      "module": "module.diagnostic_setting[\"/subscriptions/82f6d75e-85f4-434a-ab74-5dddd9fa8910/resourceGroups/rg-management/providers/Microsoft.OperationalInsights/workspaces/loganalyticsforaks011\"]",
      "mode": "managed",
      "type": "azurerm_monitor_diagnostic_setting",
      "name": "diagnostic_settings",
      "provider": "provider[\"registry.terraform.io/hashicorp/azurerm\"]",
      "instances": [
        {
          "schema_version": 0,
          "attributes": {
            "enabled_log": [
              {
                "category": "Audit",
                "category_group": "",
                "retention_policy": [
                  {
                    "days": 7,
                    "enabled": true
                  }
                ]
              }
            ],
            "eventhub_authorization_rule_id": "",
            "eventhub_name": "",
            "id": "/subscriptions/82f6d75e-85f4-434a-ab74-5dddd9fa8910/resourceGroups/rg-management/providers/Microsoft.OperationalInsights/workspaces/loganalyticsforaks011|diagnostic-settings",
            "log": [
              {
                "category": "Audit",
                "category_group": "",
                "enabled": true,
                "retention_policy": [
                  {
                    "days": 7,
                    "enabled": true
                  }
                ]
              }
            ],
            "log_analytics_destination_type": "",
            "log_analytics_workspace_id": "/subscriptions/82f6d75e-85f4-434a-ab74-5dddd9fa8910/resourceGroups/rg-management/providers/Microsoft.OperationalInsights/workspaces/loganalyticsforaks011",
            "metric": [
              {
                "category": "AllMetrics",
                "enabled": true,
                "retention_policy": [
                  {
                    "days": 7,
                    "enabled": true
                  }
                ]
              }
            ],
            "name": "diagnostic-settings",
            "partner_solution_id": null,
            "storage_account_id": null,
            "target_resource_id": "/subscriptions/82f6d75e-85f4-434a-ab74-5dddd9fa8910/resourceGroups/rg-management/providers/Microsoft.OperationalInsights/workspaces/loganalyticsforaks011",
            "timeouts": null
          },
          "sensitive_attributes": [],
          "private": "eyJlMmJmYjczMC1lY2FhLTExZTYtOGY4OC0zNDM2M2JjN2M0YzAiOnsiY3JlYXRlIjoxODAwMDAwMDAwMDAwLCJkZWxldGUiOjM2MDAwMDAwMDAwMDAsInJlYWQiOjMwMDAwMDAwMDAwMCwidXBkYXRlIjoxODAwMDAwMDAwMDAwfX0=",
          "dependencies": [
            "data.azurerm_resources.resources_ds",
            "data.terraform_remote_state.management",
            "module.diagnostic_setting.data.azurerm_monitor_diagnostic_categories.categories"
          ]
        }
      ]
    },
    {
      "module": "module.diagnostic_setting[\"/subscriptions/82f6d75e-85f4-434a-ab74-5dddd9fa8910/resourceGroups/rg-spoke-aks-cluster/providers/Microsoft.ContainerService/managedClusters/aks-cluster\"]",
      "mode": "data",
      "type": "azurerm_monitor_diagnostic_categories",
      "name": "categories",
      "provider": "provider[\"registry.terraform.io/hashicorp/azurerm\"]",
      "instances": [
        {
          "schema_version": 0,
          "attributes": {
            "id": "/subscriptions/82f6d75e-85f4-434a-ab74-5dddd9fa8910/resourceGroups/rg-spoke-aks-cluster/providers/Microsoft.ContainerService/managedClusters/aks-cluster",
            "log_category_groups": [
              "allLogs",
              "audit"
            ],
            "log_category_types": [
              "cloud-controller-manager",
              "cluster-autoscaler",
              "csi-azuredisk-controller",
              "csi-azurefile-controller",
              "csi-snapshot-controller",
              "guard",
              "kube-apiserver",
              "kube-audit",
              "kube-audit-admin",
              "kube-controller-manager",
              "kube-scheduler"
            ],
            "logs": [
              "cloud-controller-manager",
              "cluster-autoscaler",
              "csi-azuredisk-controller",
              "csi-azurefile-controller",
              "csi-snapshot-controller",
              "guard",
              "kube-apiserver",
              "kube-audit",
              "kube-audit-admin",
              "kube-controller-manager",
              "kube-scheduler"
            ],
            "metrics": [
              "AllMetrics"
            ],
            "resource_id": "/subscriptions/82f6d75e-85f4-434a-ab74-5dddd9fa8910/resourceGroups/rg-spoke-aks-cluster/providers/Microsoft.ContainerService/managedClusters/aks-cluster",
            "timeouts": null
          },
          "sensitive_attributes": []
        }
      ]
    },
    {
      "module": "module.diagnostic_setting[\"/subscriptions/82f6d75e-85f4-434a-ab74-5dddd9fa8910/resourceGroups/rg-spoke-aks-cluster/providers/Microsoft.ContainerService/managedClusters/aks-cluster\"]",
      "mode": "managed",
      "type": "azurerm_monitor_diagnostic_setting",
      "name": "diagnostic_settings",
      "provider": "provider[\"registry.terraform.io/hashicorp/azurerm\"]",
      "instances": [
        {
          "schema_version": 0,
          "attributes": {
            "enabled_log": [
              {
                "category": "cloud-controller-manager",
                "category_group": "",
                "retention_policy": [
                  {
                    "days": 7,
                    "enabled": true
                  }
                ]
              },
              {
                "category": "cluster-autoscaler",
                "category_group": "",
                "retention_policy": [
                  {
                    "days": 7,
                    "enabled": true
                  }
                ]
              },
              {
                "category": "csi-azuredisk-controller",
                "category_group": "",
                "retention_policy": [
                  {
                    "days": 7,
                    "enabled": true
                  }
                ]
              },
              {
                "category": "csi-azurefile-controller",
                "category_group": "",
                "retention_policy": [
                  {
                    "days": 7,
                    "enabled": true
                  }
                ]
              },
              {
                "category": "csi-snapshot-controller",
                "category_group": "",
                "retention_policy": [
                  {
                    "days": 7,
                    "enabled": true
                  }
                ]
              },
              {
                "category": "guard",
                "category_group": "",
                "retention_policy": [
                  {
                    "days": 7,
                    "enabled": true
                  }
                ]
              },
              {
                "category": "kube-apiserver",
                "category_group": "",
                "retention_policy": [
                  {
                    "days": 7,
                    "enabled": true
                  }
                ]
              },
              {
                "category": "kube-audit",
                "category_group": "",
                "retention_policy": [
                  {
                    "days": 7,
                    "enabled": true
                  }
                ]
              },
              {
                "category": "kube-audit-admin",
                "category_group": "",
                "retention_policy": [
                  {
                    "days": 7,
                    "enabled": true
                  }
                ]
              },
              {
                "category": "kube-controller-manager",
                "category_group": "",
                "retention_policy": [
                  {
                    "days": 7,
                    "enabled": true
                  }
                ]
              },
              {
                "category": "kube-scheduler",
                "category_group": "",
                "retention_policy": [
                  {
                    "days": 7,
                    "enabled": true
                  }
                ]
              }
            ],
            "eventhub_authorization_rule_id": "",
            "eventhub_name": "",
            "id": "/subscriptions/82f6d75e-85f4-434a-ab74-5dddd9fa8910/resourceGroups/rg-spoke-aks-cluster/providers/Microsoft.ContainerService/managedClusters/aks-cluster|diagnostic-settings",
            "log": [
              {
                "category": "cloud-controller-manager",
                "category_group": "",
                "enabled": true,
                "retention_policy": [
                  {
                    "days": 7,
                    "enabled": true
                  }
                ]
              },
              {
                "category": "cluster-autoscaler",
                "category_group": "",
                "enabled": true,
                "retention_policy": [
                  {
                    "days": 7,
                    "enabled": true
                  }
                ]
              },
              {
                "category": "csi-azuredisk-controller",
                "category_group": "",
                "enabled": true,
                "retention_policy": [
                  {
                    "days": 7,
                    "enabled": true
                  }
                ]
              },
              {
                "category": "csi-azurefile-controller",
                "category_group": "",
                "enabled": true,
                "retention_policy": [
                  {
                    "days": 7,
                    "enabled": true
                  }
                ]
              },
              {
                "category": "csi-snapshot-controller",
                "category_group": "",
                "enabled": true,
                "retention_policy": [
                  {
                    "days": 7,
                    "enabled": true
                  }
                ]
              },
              {
                "category": "guard",
                "category_group": "",
                "enabled": true,
                "retention_policy": [
                  {
                    "days": 7,
                    "enabled": true
                  }
                ]
              },
              {
                "category": "kube-apiserver",
                "category_group": "",
                "enabled": true,
                "retention_policy": [
                  {
                    "days": 7,
                    "enabled": true
                  }
                ]
              },
              {
                "category": "kube-audit",
                "category_group": "",
                "enabled": true,
                "retention_policy": [
                  {
                    "days": 7,
                    "enabled": true
                  }
                ]
              },
              {
                "category": "kube-audit-admin",
                "category_group": "",
                "enabled": true,
                "retention_policy": [
                  {
                    "days": 7,
                    "enabled": true
                  }
                ]
              },
              {
                "category": "kube-controller-manager",
                "category_group": "",
                "enabled": true,
                "retention_policy": [
                  {
                    "days": 7,
                    "enabled": true
                  }
                ]
              },
              {
                "category": "kube-scheduler",
                "category_group": "",
                "enabled": true,
                "retention_policy": [
                  {
                    "days": 7,
                    "enabled": true
                  }
                ]
              }
            ],
            "log_analytics_destination_type": "",
            "log_analytics_workspace_id": "/subscriptions/82f6d75e-85f4-434a-ab74-5dddd9fa8910/resourceGroups/rg-management/providers/Microsoft.OperationalInsights/workspaces/loganalyticsforaks011",
            "metric": [
              {
                "category": "AllMetrics",
                "enabled": true,
                "retention_policy": [
                  {
                    "days": 7,
                    "enabled": true
                  }
                ]
              }
            ],
            "name": "diagnostic-settings",
            "partner_solution_id": null,
            "storage_account_id": null,
            "target_resource_id": "/subscriptions/82f6d75e-85f4-434a-ab74-5dddd9fa8910/resourceGroups/rg-spoke-aks-cluster/providers/Microsoft.ContainerService/managedClusters/aks-cluster",
            "timeouts": null
          },
          "sensitive_attributes": [],
          "private": "eyJlMmJmYjczMC1lY2FhLTExZTYtOGY4OC0zNDM2M2JjN2M0YzAiOnsiY3JlYXRlIjoxODAwMDAwMDAwMDAwLCJkZWxldGUiOjM2MDAwMDAwMDAwMDAsInJlYWQiOjMwMDAwMDAwMDAwMCwidXBkYXRlIjoxODAwMDAwMDAwMDAwfX0=",
          "dependencies": [
            "data.azurerm_resources.resources_ds",
            "data.terraform_remote_state.management",
            "module.diagnostic_setting.data.azurerm_monitor_diagnostic_categories.categories"
          ]
        }
      ]
    },
    {
      "module": "module.diagnostic_setting[\"/subscriptions/82f6d75e-85f4-434a-ab74-5dddd9fa8910/resourceGroups/rg-spoke-aks-nodes/providers/Microsoft.Network/networkSecurityGroups/aks-agentpool-35064155-nsg\"]",
      "mode": "data",
      "type": "azurerm_monitor_diagnostic_categories",
      "name": "categories",
      "provider": "provider[\"registry.terraform.io/hashicorp/azurerm\"]",
      "instances": [
        {
          "schema_version": 0,
          "attributes": {
            "id": "/subscriptions/82f6d75e-85f4-434a-ab74-5dddd9fa8910/resourceGroups/rg-spoke-aks-nodes/providers/Microsoft.Network/networkSecurityGroups/aks-agentpool-35064155-nsg",
            "log_category_groups": [
              "allLogs"
            ],
            "log_category_types": [
              "NetworkSecurityGroupEvent",
              "NetworkSecurityGroupRuleCounter"
            ],
            "logs": [
              "NetworkSecurityGroupEvent",
              "NetworkSecurityGroupRuleCounter"
            ],
            "metrics": [],
            "resource_id": "/subscriptions/82f6d75e-85f4-434a-ab74-5dddd9fa8910/resourceGroups/rg-spoke-aks-nodes/providers/Microsoft.Network/networkSecurityGroups/aks-agentpool-35064155-nsg",
            "timeouts": null
          },
          "sensitive_attributes": []
        }
      ]
    },
    {
      "module": "module.diagnostic_setting[\"/subscriptions/82f6d75e-85f4-434a-ab74-5dddd9fa8910/resourceGroups/rg-spoke-aks-nodes/providers/Microsoft.Network/networkSecurityGroups/aks-agentpool-35064155-nsg\"]",
      "mode": "managed",
      "type": "azurerm_monitor_diagnostic_setting",
      "name": "diagnostic_settings",
      "provider": "provider[\"registry.terraform.io/hashicorp/azurerm\"]",
      "instances": [
        {
          "schema_version": 0,
          "attributes": {
            "enabled_log": [
              {
                "category": "NetworkSecurityGroupEvent",
                "category_group": "",
                "retention_policy": [
                  {
                    "days": 7,
                    "enabled": true
                  }
                ]
              },
              {
                "category": "NetworkSecurityGroupRuleCounter",
                "category_group": "",
                "retention_policy": [
                  {
                    "days": 7,
                    "enabled": true
                  }
                ]
              }
            ],
            "eventhub_authorization_rule_id": "",
            "eventhub_name": "",
            "id": "/subscriptions/82f6d75e-85f4-434a-ab74-5dddd9fa8910/resourceGroups/rg-spoke-aks-nodes/providers/Microsoft.Network/networkSecurityGroups/aks-agentpool-35064155-nsg|diagnostic-settings",
            "log": [
              {
                "category": "NetworkSecurityGroupEvent",
                "category_group": "",
                "enabled": true,
                "retention_policy": [
                  {
                    "days": 7,
                    "enabled": true
                  }
                ]
              },
              {
                "category": "NetworkSecurityGroupRuleCounter",
                "category_group": "",
                "enabled": true,
                "retention_policy": [
                  {
                    "days": 7,
                    "enabled": true
                  }
                ]
              }
            ],
            "log_analytics_destination_type": "",
            "log_analytics_workspace_id": "/subscriptions/82f6d75e-85f4-434a-ab74-5dddd9fa8910/resourceGroups/rg-management/providers/Microsoft.OperationalInsights/workspaces/loganalyticsforaks011",
            "metric": [],
            "name": "diagnostic-settings",
            "partner_solution_id": null,
            "storage_account_id": null,
            "target_resource_id": "/subscriptions/82f6d75e-85f4-434a-ab74-5dddd9fa8910/resourceGroups/rg-spoke-aks-nodes/providers/Microsoft.Network/networkSecurityGroups/aks-agentpool-35064155-nsg",
            "timeouts": null
          },
          "sensitive_attributes": [],
          "private": "eyJlMmJmYjczMC1lY2FhLTExZTYtOGY4OC0zNDM2M2JjN2M0YzAiOnsiY3JlYXRlIjoxODAwMDAwMDAwMDAwLCJkZWxldGUiOjM2MDAwMDAwMDAwMDAsInJlYWQiOjMwMDAwMDAwMDAwMCwidXBkYXRlIjoxODAwMDAwMDAwMDAwfX0=",
          "dependencies": [
            "data.azurerm_resources.resources_ds",
            "data.terraform_remote_state.management",
            "module.diagnostic_setting.data.azurerm_monitor_diagnostic_categories.categories"
          ]
        }
      ]
    },
    {
      "module": "module.diagnostic_setting[\"/subscriptions/82f6d75e-85f4-434a-ab74-5dddd9fa8910/resourceGroups/rg-spoke-aks-nodes/providers/Microsoft.Network/publicIPAddresses/b3abbf85-2e94-4396-85b7-4747e088cc03\"]",
      "mode": "data",
      "type": "azurerm_monitor_diagnostic_categories",
      "name": "categories",
      "provider": "provider[\"registry.terraform.io/hashicorp/azurerm\"]",
      "instances": [
        {
          "schema_version": 0,
          "attributes": {
            "id": "/subscriptions/82f6d75e-85f4-434a-ab74-5dddd9fa8910/resourceGroups/rg-spoke-aks-nodes/providers/Microsoft.Network/publicIPAddresses/b3abbf85-2e94-4396-85b7-4747e088cc03",
            "log_category_groups": [
              "allLogs",
              "audit"
            ],
            "log_category_types": [
              "DDoSMitigationFlowLogs",
              "DDoSMitigationReports",
              "DDoSProtectionNotifications"
            ],
            "logs": [
              "DDoSMitigationFlowLogs",
              "DDoSMitigationReports",
              "DDoSProtectionNotifications"
            ],
            "metrics": [
              "AllMetrics"
            ],
            "resource_id": "/subscriptions/82f6d75e-85f4-434a-ab74-5dddd9fa8910/resourceGroups/rg-spoke-aks-nodes/providers/Microsoft.Network/publicIPAddresses/b3abbf85-2e94-4396-85b7-4747e088cc03",
            "timeouts": null
          },
          "sensitive_attributes": []
        }
      ]
    },
    {
      "module": "module.diagnostic_setting[\"/subscriptions/82f6d75e-85f4-434a-ab74-5dddd9fa8910/resourceGroups/rg-spoke-aks-nodes/providers/Microsoft.Network/publicIPAddresses/b3abbf85-2e94-4396-85b7-4747e088cc03\"]",
      "mode": "managed",
      "type": "azurerm_monitor_diagnostic_setting",
      "name": "diagnostic_settings",
      "provider": "provider[\"registry.terraform.io/hashicorp/azurerm\"]",
      "instances": [
        {
          "schema_version": 0,
          "attributes": {
            "enabled_log": [
              {
                "category": "DDoSMitigationFlowLogs",
                "category_group": "",
                "retention_policy": [
                  {
                    "days": 7,
                    "enabled": true
                  }
                ]
              },
              {
                "category": "DDoSMitigationReports",
                "category_group": "",
                "retention_policy": [
                  {
                    "days": 7,
                    "enabled": true
                  }
                ]
              },
              {
                "category": "DDoSProtectionNotifications",
                "category_group": "",
                "retention_policy": [
                  {
                    "days": 7,
                    "enabled": true
                  }
                ]
              }
            ],
            "eventhub_authorization_rule_id": "",
            "eventhub_name": "",
            "id": "/subscriptions/82f6d75e-85f4-434a-ab74-5dddd9fa8910/resourceGroups/rg-spoke-aks-nodes/providers/Microsoft.Network/publicIPAddresses/b3abbf85-2e94-4396-85b7-4747e088cc03|diagnostic-settings",
            "log": [
              {
                "category": "DDoSMitigationFlowLogs",
                "category_group": "",
                "enabled": true,
                "retention_policy": [
                  {
                    "days": 7,
                    "enabled": true
                  }
                ]
              },
              {
                "category": "DDoSMitigationReports",
                "category_group": "",
                "enabled": true,
                "retention_policy": [
                  {
                    "days": 7,
                    "enabled": true
                  }
                ]
              },
              {
                "category": "DDoSProtectionNotifications",
                "category_group": "",
                "enabled": true,
                "retention_policy": [
                  {
                    "days": 7,
                    "enabled": true
                  }
                ]
              }
            ],
            "log_analytics_destination_type": "",
            "log_analytics_workspace_id": "/subscriptions/82f6d75e-85f4-434a-ab74-5dddd9fa8910/resourceGroups/rg-management/providers/Microsoft.OperationalInsights/workspaces/loganalyticsforaks011",
            "metric": [
              {
                "category": "AllMetrics",
                "enabled": true,
                "retention_policy": [
                  {
                    "days": 7,
                    "enabled": true
                  }
                ]
              }
            ],
            "name": "diagnostic-settings",
            "partner_solution_id": null,
            "storage_account_id": null,
            "target_resource_id": "/subscriptions/82f6d75e-85f4-434a-ab74-5dddd9fa8910/resourceGroups/rg-spoke-aks-nodes/providers/Microsoft.Network/publicIPAddresses/b3abbf85-2e94-4396-85b7-4747e088cc03",
            "timeouts": null
          },
          "sensitive_attributes": [],
          "private": "eyJlMmJmYjczMC1lY2FhLTExZTYtOGY4OC0zNDM2M2JjN2M0YzAiOnsiY3JlYXRlIjoxODAwMDAwMDAwMDAwLCJkZWxldGUiOjM2MDAwMDAwMDAwMDAsInJlYWQiOjMwMDAwMDAwMDAwMCwidXBkYXRlIjoxODAwMDAwMDAwMDAwfX0=",
          "dependencies": [
            "data.azurerm_resources.resources_ds",
            "data.terraform_remote_state.management",
            "module.diagnostic_setting.data.azurerm_monitor_diagnostic_categories.categories"
          ]
        }
      ]
    },
    {
      "module": "module.diagnostic_setting[\"/subscriptions/82f6d75e-85f4-434a-ab74-5dddd9fa8910/resourceGroups/rg-spoke-aks-nodes/providers/Microsoft.Network/publicIPAddresses/kubernetes-a4e1e8d84380246598338341e9599517\"]",
      "mode": "data",
      "type": "azurerm_monitor_diagnostic_categories",
      "name": "categories",
      "provider": "provider[\"registry.terraform.io/hashicorp/azurerm\"]",
      "instances": [
        {
          "schema_version": 0,
          "attributes": {
            "id": "/subscriptions/82f6d75e-85f4-434a-ab74-5dddd9fa8910/resourceGroups/rg-spoke-aks-nodes/providers/Microsoft.Network/publicIPAddresses/kubernetes-a4e1e8d84380246598338341e9599517",
            "log_category_groups": [
              "allLogs",
              "audit"
            ],
            "log_category_types": [
              "DDoSMitigationFlowLogs",
              "DDoSMitigationReports",
              "DDoSProtectionNotifications"
            ],
            "logs": [
              "DDoSMitigationFlowLogs",
              "DDoSMitigationReports",
              "DDoSProtectionNotifications"
            ],
            "metrics": [
              "AllMetrics"
            ],
            "resource_id": "/subscriptions/82f6d75e-85f4-434a-ab74-5dddd9fa8910/resourceGroups/rg-spoke-aks-nodes/providers/Microsoft.Network/publicIPAddresses/kubernetes-a4e1e8d84380246598338341e9599517",
            "timeouts": null
          },
          "sensitive_attributes": []
        }
      ]
    },
    {
      "module": "module.diagnostic_setting[\"/subscriptions/82f6d75e-85f4-434a-ab74-5dddd9fa8910/resourceGroups/rg-spoke-aks-nodes/providers/Microsoft.Network/publicIPAddresses/kubernetes-a4e1e8d84380246598338341e9599517\"]",
      "mode": "managed",
      "type": "azurerm_monitor_diagnostic_setting",
      "name": "diagnostic_settings",
      "provider": "provider[\"registry.terraform.io/hashicorp/azurerm\"]",
      "instances": [
        {
          "schema_version": 0,
          "attributes": {
            "enabled_log": [
              {
                "category": "DDoSMitigationFlowLogs",
                "category_group": "",
                "retention_policy": [
                  {
                    "days": 7,
                    "enabled": true
                  }
                ]
              },
              {
                "category": "DDoSMitigationReports",
                "category_group": "",
                "retention_policy": [
                  {
                    "days": 7,
                    "enabled": true
                  }
                ]
              },
              {
                "category": "DDoSProtectionNotifications",
                "category_group": "",
                "retention_policy": [
                  {
                    "days": 7,
                    "enabled": true
                  }
                ]
              }
            ],
            "eventhub_authorization_rule_id": "",
            "eventhub_name": "",
            "id": "/subscriptions/82f6d75e-85f4-434a-ab74-5dddd9fa8910/resourceGroups/rg-spoke-aks-nodes/providers/Microsoft.Network/publicIPAddresses/kubernetes-a4e1e8d84380246598338341e9599517|diagnostic-settings",
            "log": [
              {
                "category": "DDoSMitigationFlowLogs",
                "category_group": "",
                "enabled": true,
                "retention_policy": [
                  {
                    "days": 7,
                    "enabled": true
                  }
                ]
              },
              {
                "category": "DDoSMitigationReports",
                "category_group": "",
                "enabled": true,
                "retention_policy": [
                  {
                    "days": 7,
                    "enabled": true
                  }
                ]
              },
              {
                "category": "DDoSProtectionNotifications",
                "category_group": "",
                "enabled": true,
                "retention_policy": [
                  {
                    "days": 7,
                    "enabled": true
                  }
                ]
              }
            ],
            "log_analytics_destination_type": "",
            "log_analytics_workspace_id": "/subscriptions/82f6d75e-85f4-434a-ab74-5dddd9fa8910/resourceGroups/rg-management/providers/Microsoft.OperationalInsights/workspaces/loganalyticsforaks011",
            "metric": [
              {
                "category": "AllMetrics",
                "enabled": true,
                "retention_policy": [
                  {
                    "days": 7,
                    "enabled": true
                  }
                ]
              }
            ],
            "name": "diagnostic-settings",
            "partner_solution_id": null,
            "storage_account_id": null,
            "target_resource_id": "/subscriptions/82f6d75e-85f4-434a-ab74-5dddd9fa8910/resourceGroups/rg-spoke-aks-nodes/providers/Microsoft.Network/publicIPAddresses/kubernetes-a4e1e8d84380246598338341e9599517",
            "timeouts": null
          },
          "sensitive_attributes": [],
          "private": "eyJlMmJmYjczMC1lY2FhLTExZTYtOGY4OC0zNDM2M2JjN2M0YzAiOnsiY3JlYXRlIjoxODAwMDAwMDAwMDAwLCJkZWxldGUiOjM2MDAwMDAwMDAwMDAsInJlYWQiOjMwMDAwMDAwMDAwMCwidXBkYXRlIjoxODAwMDAwMDAwMDAwfX0=",
          "dependencies": [
            "data.azurerm_resources.resources_ds",
            "data.terraform_remote_state.management",
            "module.diagnostic_setting.data.azurerm_monitor_diagnostic_categories.categories"
          ]
        }
      ]
    },
    {
      "module": "module.diagnostic_setting[\"/subscriptions/82f6d75e-85f4-434a-ab74-5dddd9fa8910/resourceGroups/rg-spoke-aks/providers/Microsoft.ContainerRegistry/registries/acrforakstf01357\"]",
      "mode": "data",
      "type": "azurerm_monitor_diagnostic_categories",
      "name": "categories",
      "provider": "provider[\"registry.terraform.io/hashicorp/azurerm\"]",
      "instances": [
        {
          "schema_version": 0,
          "attributes": {
            "id": "/subscriptions/82f6d75e-85f4-434a-ab74-5dddd9fa8910/resourceGroups/rg-spoke-aks/providers/Microsoft.ContainerRegistry/registries/acrforakstf01357",
            "log_category_groups": [
              "allLogs",
              "audit"
            ],
            "log_category_types": [
              "ContainerRegistryLoginEvents",
              "ContainerRegistryRepositoryEvents"
            ],
            "logs": [
              "ContainerRegistryLoginEvents",
              "ContainerRegistryRepositoryEvents"
            ],
            "metrics": [
              "AllMetrics"
            ],
            "resource_id": "/subscriptions/82f6d75e-85f4-434a-ab74-5dddd9fa8910/resourceGroups/rg-spoke-aks/providers/Microsoft.ContainerRegistry/registries/acrforakstf01357",
            "timeouts": null
          },
          "sensitive_attributes": []
        }
      ]
    },
    {
      "module": "module.diagnostic_setting[\"/subscriptions/82f6d75e-85f4-434a-ab74-5dddd9fa8910/resourceGroups/rg-spoke-aks/providers/Microsoft.ContainerRegistry/registries/acrforakstf01357\"]",
      "mode": "managed",
      "type": "azurerm_monitor_diagnostic_setting",
      "name": "diagnostic_settings",
      "provider": "provider[\"registry.terraform.io/hashicorp/azurerm\"]",
      "instances": [
        {
          "schema_version": 0,
          "attributes": {
            "enabled_log": [
              {
                "category": "ContainerRegistryLoginEvents",
                "category_group": "",
                "retention_policy": [
                  {
                    "days": 7,
                    "enabled": true
                  }
                ]
              },
              {
                "category": "ContainerRegistryRepositoryEvents",
                "category_group": "",
                "retention_policy": [
                  {
                    "days": 7,
                    "enabled": true
                  }
                ]
              }
            ],
            "eventhub_authorization_rule_id": "",
            "eventhub_name": "",
            "id": "/subscriptions/82f6d75e-85f4-434a-ab74-5dddd9fa8910/resourceGroups/rg-spoke-aks/providers/Microsoft.ContainerRegistry/registries/acrforakstf01357|diagnostic-settings",
            "log": [
              {
                "category": "ContainerRegistryLoginEvents",
                "category_group": "",
                "enabled": true,
                "retention_policy": [
                  {
                    "days": 7,
                    "enabled": true
                  }
                ]
              },
              {
                "category": "ContainerRegistryRepositoryEvents",
                "category_group": "",
                "enabled": true,
                "retention_policy": [
                  {
                    "days": 7,
                    "enabled": true
                  }
                ]
              }
            ],
            "log_analytics_destination_type": "",
            "log_analytics_workspace_id": "/subscriptions/82f6d75e-85f4-434a-ab74-5dddd9fa8910/resourceGroups/rg-management/providers/Microsoft.OperationalInsights/workspaces/loganalyticsforaks011",
            "metric": [
              {
                "category": "AllMetrics",
                "enabled": true,
                "retention_policy": [
                  {
                    "days": 7,
                    "enabled": true
                  }
                ]
              }
            ],
            "name": "diagnostic-settings",
            "partner_solution_id": null,
            "storage_account_id": null,
            "target_resource_id": "/subscriptions/82f6d75e-85f4-434a-ab74-5dddd9fa8910/resourceGroups/rg-spoke-aks/providers/Microsoft.ContainerRegistry/registries/acrforakstf01357",
            "timeouts": null
          },
          "sensitive_attributes": [],
          "private": "eyJlMmJmYjczMC1lY2FhLTExZTYtOGY4OC0zNDM2M2JjN2M0YzAiOnsiY3JlYXRlIjoxODAwMDAwMDAwMDAwLCJkZWxldGUiOjM2MDAwMDAwMDAwMDAsInJlYWQiOjMwMDAwMDAwMDAwMCwidXBkYXRlIjoxODAwMDAwMDAwMDAwfX0=",
          "dependencies": [
            "data.azurerm_resources.resources_ds",
            "data.terraform_remote_state.management",
            "module.diagnostic_setting.data.azurerm_monitor_diagnostic_categories.categories"
          ]
        }
      ]
    },
    {
      "module": "module.diagnostic_setting[\"/subscriptions/82f6d75e-85f4-434a-ab74-5dddd9fa8910/resourceGroups/rg-spoke-aks/providers/Microsoft.KeyVault/vaults/kvforaks01357\"]",
      "mode": "data",
      "type": "azurerm_monitor_diagnostic_categories",
      "name": "categories",
      "provider": "provider[\"registry.terraform.io/hashicorp/azurerm\"]",
      "instances": [
        {
          "schema_version": 0,
          "attributes": {
            "id": "/subscriptions/82f6d75e-85f4-434a-ab74-5dddd9fa8910/resourceGroups/rg-spoke-aks/providers/Microsoft.KeyVault/vaults/kvforaks01357",
            "log_category_groups": [
              "allLogs",
              "audit"
            ],
            "log_category_types": [
              "AuditEvent",
              "AzurePolicyEvaluationDetails"
            ],
            "logs": [
              "AuditEvent",
              "AzurePolicyEvaluationDetails"
            ],
            "metrics": [
              "AllMetrics"
            ],
            "resource_id": "/subscriptions/82f6d75e-85f4-434a-ab74-5dddd9fa8910/resourceGroups/rg-spoke-aks/providers/Microsoft.KeyVault/vaults/kvforaks01357",
            "timeouts": null
          },
          "sensitive_attributes": []
        }
      ]
    },
    {
      "module": "module.diagnostic_setting[\"/subscriptions/82f6d75e-85f4-434a-ab74-5dddd9fa8910/resourceGroups/rg-spoke-aks/providers/Microsoft.KeyVault/vaults/kvforaks01357\"]",
      "mode": "managed",
      "type": "azurerm_monitor_diagnostic_setting",
      "name": "diagnostic_settings",
      "provider": "provider[\"registry.terraform.io/hashicorp/azurerm\"]",
      "instances": [
        {
          "schema_version": 0,
          "attributes": {
            "enabled_log": [
              {
                "category": "AuditEvent",
                "category_group": "",
                "retention_policy": [
                  {
                    "days": 7,
                    "enabled": true
                  }
                ]
              },
              {
                "category": "AzurePolicyEvaluationDetails",
                "category_group": "",
                "retention_policy": [
                  {
                    "days": 7,
                    "enabled": true
                  }
                ]
              }
            ],
            "eventhub_authorization_rule_id": "",
            "eventhub_name": "",
            "id": "/subscriptions/82f6d75e-85f4-434a-ab74-5dddd9fa8910/resourceGroups/rg-spoke-aks/providers/Microsoft.KeyVault/vaults/kvforaks01357|diagnostic-settings",
            "log": [
              {
                "category": "AuditEvent",
                "category_group": "",
                "enabled": true,
                "retention_policy": [
                  {
                    "days": 7,
                    "enabled": true
                  }
                ]
              },
              {
                "category": "AzurePolicyEvaluationDetails",
                "category_group": "",
                "enabled": true,
                "retention_policy": [
                  {
                    "days": 7,
                    "enabled": true
                  }
                ]
              }
            ],
            "log_analytics_destination_type": "",
            "log_analytics_workspace_id": "/subscriptions/82f6d75e-85f4-434a-ab74-5dddd9fa8910/resourceGroups/rg-management/providers/Microsoft.OperationalInsights/workspaces/loganalyticsforaks011",
            "metric": [
              {
                "category": "AllMetrics",
                "enabled": true,
                "retention_policy": [
                  {
                    "days": 7,
                    "enabled": true
                  }
                ]
              }
            ],
            "name": "diagnostic-settings",
            "partner_solution_id": null,
            "storage_account_id": null,
            "target_resource_id": "/subscriptions/82f6d75e-85f4-434a-ab74-5dddd9fa8910/resourceGroups/rg-spoke-aks/providers/Microsoft.KeyVault/vaults/kvforaks01357",
            "timeouts": null
          },
          "sensitive_attributes": [],
          "private": "eyJlMmJmYjczMC1lY2FhLTExZTYtOGY4OC0zNDM2M2JjN2M0YzAiOnsiY3JlYXRlIjoxODAwMDAwMDAwMDAwLCJkZWxldGUiOjM2MDAwMDAwMDAwMDAsInJlYWQiOjMwMDAwMDAwMDAwMCwidXBkYXRlIjoxODAwMDAwMDAwMDAwfX0=",
          "dependencies": [
            "data.azurerm_resources.resources_ds",
            "data.terraform_remote_state.management",
            "module.diagnostic_setting.data.azurerm_monitor_diagnostic_categories.categories"
          ]
        }
      ]
    },
    {
      "module": "module.diagnostic_setting[\"/subscriptions/82f6d75e-85f4-434a-ab74-5dddd9fa8910/resourceGroups/rg-spoke-aks/providers/Microsoft.Network/applicationGateways/appgw-aks\"]",
      "mode": "data",
      "type": "azurerm_monitor_diagnostic_categories",
      "name": "categories",
      "provider": "provider[\"registry.terraform.io/hashicorp/azurerm\"]",
      "instances": [
        {
          "schema_version": 0,
          "attributes": {
            "id": "/subscriptions/82f6d75e-85f4-434a-ab74-5dddd9fa8910/resourceGroups/rg-spoke-aks/providers/Microsoft.Network/applicationGateways/appgw-aks",
            "log_category_groups": [
              "allLogs"
            ],
            "log_category_types": [
              "ApplicationGatewayAccessLog",
              "ApplicationGatewayFirewallLog",
              "ApplicationGatewayPerformanceLog"
            ],
            "logs": [
              "ApplicationGatewayAccessLog",
              "ApplicationGatewayFirewallLog",
              "ApplicationGatewayPerformanceLog"
            ],
            "metrics": [
              "AllMetrics"
            ],
            "resource_id": "/subscriptions/82f6d75e-85f4-434a-ab74-5dddd9fa8910/resourceGroups/rg-spoke-aks/providers/Microsoft.Network/applicationGateways/appgw-aks",
            "timeouts": null
          },
          "sensitive_attributes": []
        }
      ]
    },
    {
      "module": "module.diagnostic_setting[\"/subscriptions/82f6d75e-85f4-434a-ab74-5dddd9fa8910/resourceGroups/rg-spoke-aks/providers/Microsoft.Network/applicationGateways/appgw-aks\"]",
      "mode": "managed",
      "type": "azurerm_monitor_diagnostic_setting",
      "name": "diagnostic_settings",
      "provider": "provider[\"registry.terraform.io/hashicorp/azurerm\"]",
      "instances": [
        {
          "schema_version": 0,
          "attributes": {
            "enabled_log": [
              {
                "category": "ApplicationGatewayAccessLog",
                "category_group": "",
                "retention_policy": [
                  {
                    "days": 7,
                    "enabled": true
                  }
                ]
              },
              {
                "category": "ApplicationGatewayFirewallLog",
                "category_group": "",
                "retention_policy": [
                  {
                    "days": 7,
                    "enabled": true
                  }
                ]
              },
              {
                "category": "ApplicationGatewayPerformanceLog",
                "category_group": "",
                "retention_policy": [
                  {
                    "days": 7,
                    "enabled": true
                  }
                ]
              }
            ],
            "eventhub_authorization_rule_id": "",
            "eventhub_name": "",
            "id": "/subscriptions/82f6d75e-85f4-434a-ab74-5dddd9fa8910/resourceGroups/rg-spoke-aks/providers/Microsoft.Network/applicationGateways/appgw-aks|diagnostic-settings",
            "log": [
              {
                "category": "ApplicationGatewayAccessLog",
                "category_group": "",
                "enabled": true,
                "retention_policy": [
                  {
                    "days": 7,
                    "enabled": true
                  }
                ]
              },
              {
                "category": "ApplicationGatewayFirewallLog",
                "category_group": "",
                "enabled": true,
                "retention_policy": [
                  {
                    "days": 7,
                    "enabled": true
                  }
                ]
              },
              {
                "category": "ApplicationGatewayPerformanceLog",
                "category_group": "",
                "enabled": true,
                "retention_policy": [
                  {
                    "days": 7,
                    "enabled": true
                  }
                ]
              }
            ],
            "log_analytics_destination_type": "",
            "log_analytics_workspace_id": "/subscriptions/82f6d75e-85f4-434a-ab74-5dddd9fa8910/resourceGroups/rg-management/providers/Microsoft.OperationalInsights/workspaces/loganalyticsforaks011",
            "metric": [
              {
                "category": "AllMetrics",
                "enabled": true,
                "retention_policy": [
                  {
                    "days": 7,
                    "enabled": true
                  }
                ]
              }
            ],
            "name": "diagnostic-settings",
            "partner_solution_id": null,
            "storage_account_id": null,
            "target_resource_id": "/subscriptions/82f6d75e-85f4-434a-ab74-5dddd9fa8910/resourceGroups/rg-spoke-aks/providers/Microsoft.Network/applicationGateways/appgw-aks",
            "timeouts": null
          },
          "sensitive_attributes": [],
          "private": "eyJlMmJmYjczMC1lY2FhLTExZTYtOGY4OC0zNDM2M2JjN2M0YzAiOnsiY3JlYXRlIjoxODAwMDAwMDAwMDAwLCJkZWxldGUiOjM2MDAwMDAwMDAwMDAsInJlYWQiOjMwMDAwMDAwMDAwMCwidXBkYXRlIjoxODAwMDAwMDAwMDAwfX0=",
          "dependencies": [
            "data.azurerm_resources.resources_ds",
            "data.terraform_remote_state.management",
            "module.diagnostic_setting.data.azurerm_monitor_diagnostic_categories.categories"
          ]
        }
      ]
    },
    {
      "module": "module.diagnostic_setting[\"/subscriptions/82f6d75e-85f4-434a-ab74-5dddd9fa8910/resourceGroups/rg-spoke-aks/providers/Microsoft.Network/networkInterfaces/private-endpoint-keyvault.nic.fad69793-75f5-44dd-8160-1924b71fdf68\"]",
      "mode": "data",
      "type": "azurerm_monitor_diagnostic_categories",
      "name": "categories",
      "provider": "provider[\"registry.terraform.io/hashicorp/azurerm\"]",
      "instances": [
        {
          "schema_version": 0,
          "attributes": {
            "id": "/subscriptions/82f6d75e-85f4-434a-ab74-5dddd9fa8910/resourceGroups/rg-spoke-aks/providers/Microsoft.Network/networkInterfaces/private-endpoint-keyvault.nic.fad69793-75f5-44dd-8160-1924b71fdf68",
            "log_category_groups": [],
            "log_category_types": [],
            "logs": [],
            "metrics": [
              "AllMetrics"
            ],
            "resource_id": "/subscriptions/82f6d75e-85f4-434a-ab74-5dddd9fa8910/resourceGroups/rg-spoke-aks/providers/Microsoft.Network/networkInterfaces/private-endpoint-keyvault.nic.fad69793-75f5-44dd-8160-1924b71fdf68",
            "timeouts": null
          },
          "sensitive_attributes": []
        }
      ]
    },
    {
      "module": "module.diagnostic_setting[\"/subscriptions/82f6d75e-85f4-434a-ab74-5dddd9fa8910/resourceGroups/rg-spoke-aks/providers/Microsoft.Network/networkInterfaces/private-endpoint-keyvault.nic.fad69793-75f5-44dd-8160-1924b71fdf68\"]",
      "mode": "managed",
      "type": "azurerm_monitor_diagnostic_setting",
      "name": "diagnostic_settings",
      "provider": "provider[\"registry.terraform.io/hashicorp/azurerm\"]",
      "instances": [
        {
          "schema_version": 0,
          "attributes": {
            "enabled_log": [],
            "eventhub_authorization_rule_id": "",
            "eventhub_name": "",
            "id": "/subscriptions/82f6d75e-85f4-434a-ab74-5dddd9fa8910/resourceGroups/rg-spoke-aks/providers/Microsoft.Network/networkInterfaces/private-endpoint-keyvault.nic.fad69793-75f5-44dd-8160-1924b71fdf68|diagnostic-settings",
            "log": [],
            "log_analytics_destination_type": "",
            "log_analytics_workspace_id": "/subscriptions/82f6d75e-85f4-434a-ab74-5dddd9fa8910/resourceGroups/rg-management/providers/Microsoft.OperationalInsights/workspaces/loganalyticsforaks011",
            "metric": [
              {
                "category": "AllMetrics",
                "enabled": true,
                "retention_policy": [
                  {
                    "days": 7,
                    "enabled": true
                  }
                ]
              }
            ],
            "name": "diagnostic-settings",
            "partner_solution_id": null,
            "storage_account_id": null,
            "target_resource_id": "/subscriptions/82f6d75e-85f4-434a-ab74-5dddd9fa8910/resourceGroups/rg-spoke-aks/providers/Microsoft.Network/networkInterfaces/private-endpoint-keyvault.nic.fad69793-75f5-44dd-8160-1924b71fdf68",
            "timeouts": null
          },
          "sensitive_attributes": [],
          "private": "eyJlMmJmYjczMC1lY2FhLTExZTYtOGY4OC0zNDM2M2JjN2M0YzAiOnsiY3JlYXRlIjoxODAwMDAwMDAwMDAwLCJkZWxldGUiOjM2MDAwMDAwMDAwMDAsInJlYWQiOjMwMDAwMDAwMDAwMCwidXBkYXRlIjoxODAwMDAwMDAwMDAwfX0=",
          "dependencies": [
            "data.azurerm_resources.resources_ds",
            "data.terraform_remote_state.management",
            "module.diagnostic_setting.data.azurerm_monitor_diagnostic_categories.categories"
          ]
        }
      ]
    },
    {
      "module": "module.diagnostic_setting[\"/subscriptions/82f6d75e-85f4-434a-ab74-5dddd9fa8910/resourceGroups/rg-spoke-aks/providers/Microsoft.Network/networkSecurityGroups/nsg-vnet-spoke-aks\"]",
      "mode": "data",
      "type": "azurerm_monitor_diagnostic_categories",
      "name": "categories",
      "provider": "provider[\"registry.terraform.io/hashicorp/azurerm\"]",
      "instances": [
        {
          "schema_version": 0,
          "attributes": {
            "id": "/subscriptions/82f6d75e-85f4-434a-ab74-5dddd9fa8910/resourceGroups/rg-spoke-aks/providers/Microsoft.Network/networkSecurityGroups/nsg-vnet-spoke-aks",
            "log_category_groups": [
              "allLogs"
            ],
            "log_category_types": [
              "NetworkSecurityGroupEvent",
              "NetworkSecurityGroupRuleCounter"
            ],
            "logs": [
              "NetworkSecurityGroupEvent",
              "NetworkSecurityGroupRuleCounter"
            ],
            "metrics": [],
            "resource_id": "/subscriptions/82f6d75e-85f4-434a-ab74-5dddd9fa8910/resourceGroups/rg-spoke-aks/providers/Microsoft.Network/networkSecurityGroups/nsg-vnet-spoke-aks",
            "timeouts": null
          },
          "sensitive_attributes": []
        }
      ]
    },
    {
      "module": "module.diagnostic_setting[\"/subscriptions/82f6d75e-85f4-434a-ab74-5dddd9fa8910/resourceGroups/rg-spoke-aks/providers/Microsoft.Network/networkSecurityGroups/nsg-vnet-spoke-aks\"]",
      "mode": "managed",
      "type": "azurerm_monitor_diagnostic_setting",
      "name": "diagnostic_settings",
      "provider": "provider[\"registry.terraform.io/hashicorp/azurerm\"]",
      "instances": [
        {
          "schema_version": 0,
          "attributes": {
            "enabled_log": [
              {
                "category": "NetworkSecurityGroupEvent",
                "category_group": "",
                "retention_policy": [
                  {
                    "days": 7,
                    "enabled": true
                  }
                ]
              },
              {
                "category": "NetworkSecurityGroupRuleCounter",
                "category_group": "",
                "retention_policy": [
                  {
                    "days": 7,
                    "enabled": true
                  }
                ]
              }
            ],
            "eventhub_authorization_rule_id": "",
            "eventhub_name": "",
            "id": "/subscriptions/82f6d75e-85f4-434a-ab74-5dddd9fa8910/resourceGroups/rg-spoke-aks/providers/Microsoft.Network/networkSecurityGroups/nsg-vnet-spoke-aks|diagnostic-settings",
            "log": [
              {
                "category": "NetworkSecurityGroupEvent",
                "category_group": "",
                "enabled": true,
                "retention_policy": [
                  {
                    "days": 7,
                    "enabled": true
                  }
                ]
              },
              {
                "category": "NetworkSecurityGroupRuleCounter",
                "category_group": "",
                "enabled": true,
                "retention_policy": [
                  {
                    "days": 7,
                    "enabled": true
                  }
                ]
              }
            ],
            "log_analytics_destination_type": "",
            "log_analytics_workspace_id": "/subscriptions/82f6d75e-85f4-434a-ab74-5dddd9fa8910/resourceGroups/rg-management/providers/Microsoft.OperationalInsights/workspaces/loganalyticsforaks011",
            "metric": [],
            "name": "diagnostic-settings",
            "partner_solution_id": null,
            "storage_account_id": null,
            "target_resource_id": "/subscriptions/82f6d75e-85f4-434a-ab74-5dddd9fa8910/resourceGroups/rg-spoke-aks/providers/Microsoft.Network/networkSecurityGroups/nsg-vnet-spoke-aks",
            "timeouts": null
          },
          "sensitive_attributes": [],
          "private": "eyJlMmJmYjczMC1lY2FhLTExZTYtOGY4OC0zNDM2M2JjN2M0YzAiOnsiY3JlYXRlIjoxODAwMDAwMDAwMDAwLCJkZWxldGUiOjM2MDAwMDAwMDAwMDAsInJlYWQiOjMwMDAwMDAwMDAwMCwidXBkYXRlIjoxODAwMDAwMDAwMDAwfX0=",
          "dependencies": [
            "data.azurerm_resources.resources_ds",
            "data.terraform_remote_state.management",
            "module.diagnostic_setting.data.azurerm_monitor_diagnostic_categories.categories"
          ]
        }
      ]
    },
    {
      "module": "module.diagnostic_setting[\"/subscriptions/82f6d75e-85f4-434a-ab74-5dddd9fa8910/resourceGroups/rg-spoke-aks/providers/Microsoft.Network/publicIPAddresses/public-ip-appgw\"]",
      "mode": "data",
      "type": "azurerm_monitor_diagnostic_categories",
      "name": "categories",
      "provider": "provider[\"registry.terraform.io/hashicorp/azurerm\"]",
      "instances": [
        {
          "schema_version": 0,
          "attributes": {
            "id": "/subscriptions/82f6d75e-85f4-434a-ab74-5dddd9fa8910/resourceGroups/rg-spoke-aks/providers/Microsoft.Network/publicIPAddresses/public-ip-appgw",
            "log_category_groups": [
              "allLogs",
              "audit"
            ],
            "log_category_types": [
              "DDoSMitigationFlowLogs",
              "DDoSMitigationReports",
              "DDoSProtectionNotifications"
            ],
            "logs": [
              "DDoSMitigationFlowLogs",
              "DDoSMitigationReports",
              "DDoSProtectionNotifications"
            ],
            "metrics": [
              "AllMetrics"
            ],
            "resource_id": "/subscriptions/82f6d75e-85f4-434a-ab74-5dddd9fa8910/resourceGroups/rg-spoke-aks/providers/Microsoft.Network/publicIPAddresses/public-ip-appgw",
            "timeouts": null
          },
          "sensitive_attributes": []
        }
      ]
    },
    {
      "module": "module.diagnostic_setting[\"/subscriptions/82f6d75e-85f4-434a-ab74-5dddd9fa8910/resourceGroups/rg-spoke-aks/providers/Microsoft.Network/publicIPAddresses/public-ip-appgw\"]",
      "mode": "managed",
      "type": "azurerm_monitor_diagnostic_setting",
      "name": "diagnostic_settings",
      "provider": "provider[\"registry.terraform.io/hashicorp/azurerm\"]",
      "instances": [
        {
          "schema_version": 0,
          "attributes": {
            "enabled_log": [
              {
                "category": "DDoSMitigationFlowLogs",
                "category_group": "",
                "retention_policy": [
                  {
                    "days": 7,
                    "enabled": true
                  }
                ]
              },
              {
                "category": "DDoSMitigationReports",
                "category_group": "",
                "retention_policy": [
                  {
                    "days": 7,
                    "enabled": true
                  }
                ]
              },
              {
                "category": "DDoSProtectionNotifications",
                "category_group": "",
                "retention_policy": [
                  {
                    "days": 7,
                    "enabled": true
                  }
                ]
              }
            ],
            "eventhub_authorization_rule_id": "",
            "eventhub_name": "",
            "id": "/subscriptions/82f6d75e-85f4-434a-ab74-5dddd9fa8910/resourceGroups/rg-spoke-aks/providers/Microsoft.Network/publicIPAddresses/public-ip-appgw|diagnostic-settings",
            "log": [
              {
                "category": "DDoSMitigationFlowLogs",
                "category_group": "",
                "enabled": true,
                "retention_policy": [
                  {
                    "days": 7,
                    "enabled": true
                  }
                ]
              },
              {
                "category": "DDoSMitigationReports",
                "category_group": "",
                "enabled": true,
                "retention_policy": [
                  {
                    "days": 7,
                    "enabled": true
                  }
                ]
              },
              {
                "category": "DDoSProtectionNotifications",
                "category_group": "",
                "enabled": true,
                "retention_policy": [
                  {
                    "days": 7,
                    "enabled": true
                  }
                ]
              }
            ],
            "log_analytics_destination_type": "",
            "log_analytics_workspace_id": "/subscriptions/82f6d75e-85f4-434a-ab74-5dddd9fa8910/resourceGroups/rg-management/providers/Microsoft.OperationalInsights/workspaces/loganalyticsforaks011",
            "metric": [
              {
                "category": "AllMetrics",
                "enabled": true,
                "retention_policy": [
                  {
                    "days": 7,
                    "enabled": true
                  }
                ]
              }
            ],
            "name": "diagnostic-settings",
            "partner_solution_id": null,
            "storage_account_id": null,
            "target_resource_id": "/subscriptions/82f6d75e-85f4-434a-ab74-5dddd9fa8910/resourceGroups/rg-spoke-aks/providers/Microsoft.Network/publicIPAddresses/public-ip-appgw",
            "timeouts": null
          },
          "sensitive_attributes": [],
          "private": "eyJlMmJmYjczMC1lY2FhLTExZTYtOGY4OC0zNDM2M2JjN2M0YzAiOnsiY3JlYXRlIjoxODAwMDAwMDAwMDAwLCJkZWxldGUiOjM2MDAwMDAwMDAwMDAsInJlYWQiOjMwMDAwMDAwMDAwMCwidXBkYXRlIjoxODAwMDAwMDAwMDAwfX0=",
          "dependencies": [
            "data.azurerm_resources.resources_ds",
            "data.terraform_remote_state.management",
            "module.diagnostic_setting.data.azurerm_monitor_diagnostic_categories.categories"
          ]
        }
      ]
    },
    {
      "module": "module.diagnostic_setting[\"/subscriptions/82f6d75e-85f4-434a-ab74-5dddd9fa8910/resourceGroups/rg-spoke-aks/providers/Microsoft.Network/virtualNetworks/vnet-spoke-aks\"]",
      "mode": "data",
      "type": "azurerm_monitor_diagnostic_categories",
      "name": "categories",
      "provider": "provider[\"registry.terraform.io/hashicorp/azurerm\"]",
      "instances": [
        {
          "schema_version": 0,
          "attributes": {
            "id": "/subscriptions/82f6d75e-85f4-434a-ab74-5dddd9fa8910/resourceGroups/rg-spoke-aks/providers/Microsoft.Network/virtualNetworks/vnet-spoke-aks",
            "log_category_groups": [
              "allLogs"
            ],
            "log_category_types": [
              "VMProtectionAlerts"
            ],
            "logs": [
              "VMProtectionAlerts"
            ],
            "metrics": [
              "AllMetrics"
            ],
            "resource_id": "/subscriptions/82f6d75e-85f4-434a-ab74-5dddd9fa8910/resourceGroups/rg-spoke-aks/providers/Microsoft.Network/virtualNetworks/vnet-spoke-aks",
            "timeouts": null
          },
          "sensitive_attributes": []
        }
      ]
    },
    {
      "module": "module.diagnostic_setting[\"/subscriptions/82f6d75e-85f4-434a-ab74-5dddd9fa8910/resourceGroups/rg-spoke-aks/providers/Microsoft.Network/virtualNetworks/vnet-spoke-aks\"]",
      "mode": "managed",
      "type": "azurerm_monitor_diagnostic_setting",
      "name": "diagnostic_settings",
      "provider": "provider[\"registry.terraform.io/hashicorp/azurerm\"]",
      "instances": [
        {
          "schema_version": 0,
          "attributes": {
            "enabled_log": [
              {
                "category": "VMProtectionAlerts",
                "category_group": "",
                "retention_policy": [
                  {
                    "days": 7,
                    "enabled": true
                  }
                ]
              }
            ],
            "eventhub_authorization_rule_id": "",
            "eventhub_name": "",
            "id": "/subscriptions/82f6d75e-85f4-434a-ab74-5dddd9fa8910/resourceGroups/rg-spoke-aks/providers/Microsoft.Network/virtualNetworks/vnet-spoke-aks|diagnostic-settings",
            "log": [
              {
                "category": "VMProtectionAlerts",
                "category_group": "",
                "enabled": true,
                "retention_policy": [
                  {
                    "days": 7,
                    "enabled": true
                  }
                ]
              }
            ],
            "log_analytics_destination_type": "",
            "log_analytics_workspace_id": "/subscriptions/82f6d75e-85f4-434a-ab74-5dddd9fa8910/resourceGroups/rg-management/providers/Microsoft.OperationalInsights/workspaces/loganalyticsforaks011",
            "metric": [
              {
                "category": "AllMetrics",
                "enabled": true,
                "retention_policy": [
                  {
                    "days": 7,
                    "enabled": true
                  }
                ]
              }
            ],
            "name": "diagnostic-settings",
            "partner_solution_id": null,
            "storage_account_id": null,
            "target_resource_id": "/subscriptions/82f6d75e-85f4-434a-ab74-5dddd9fa8910/resourceGroups/rg-spoke-aks/providers/Microsoft.Network/virtualNetworks/vnet-spoke-aks",
            "timeouts": null
          },
          "sensitive_attributes": [],
          "private": "eyJlMmJmYjczMC1lY2FhLTExZTYtOGY4OC0zNDM2M2JjN2M0YzAiOnsiY3JlYXRlIjoxODAwMDAwMDAwMDAwLCJkZWxldGUiOjM2MDAwMDAwMDAwMDAsInJlYWQiOjMwMDAwMDAwMDAwMCwidXBkYXRlIjoxODAwMDAwMDAwMDAwfX0=",
          "dependencies": [
            "data.azurerm_resources.resources_ds",
            "data.terraform_remote_state.management",
            "module.diagnostic_setting.data.azurerm_monitor_diagnostic_categories.categories"
          ]
        }
      ]
    },
    {
      "module": "module.diagnostic_setting[\"/subscriptions/82f6d75e-85f4-434a-ab74-5dddd9fa8910/resourceGroups/rg-spoke-aks/providers/Microsoft.Storage/storageAccounts/storageforaks01357\"]",
      "mode": "data",
      "type": "azurerm_monitor_diagnostic_categories",
      "name": "categories",
      "provider": "provider[\"registry.terraform.io/hashicorp/azurerm\"]",
      "instances": [
        {
          "schema_version": 0,
          "attributes": {
            "id": "/subscriptions/82f6d75e-85f4-434a-ab74-5dddd9fa8910/resourceGroups/rg-spoke-aks/providers/Microsoft.Storage/storageAccounts/storageforaks01357",
            "log_category_groups": [],
            "log_category_types": [],
            "logs": [],
            "metrics": [
              "Capacity",
              "Transaction"
            ],
            "resource_id": "/subscriptions/82f6d75e-85f4-434a-ab74-5dddd9fa8910/resourceGroups/rg-spoke-aks/providers/Microsoft.Storage/storageAccounts/storageforaks01357",
            "timeouts": null
          },
          "sensitive_attributes": []
        }
      ]
    },
    {
      "module": "module.diagnostic_setting[\"/subscriptions/82f6d75e-85f4-434a-ab74-5dddd9fa8910/resourceGroups/rg-spoke-aks/providers/Microsoft.Storage/storageAccounts/storageforaks01357\"]",
      "mode": "managed",
      "type": "azurerm_monitor_diagnostic_setting",
      "name": "diagnostic_settings",
      "provider": "provider[\"registry.terraform.io/hashicorp/azurerm\"]",
      "instances": [
        {
          "schema_version": 0,
          "attributes": {
            "enabled_log": [],
            "eventhub_authorization_rule_id": "",
            "eventhub_name": "",
            "id": "/subscriptions/82f6d75e-85f4-434a-ab74-5dddd9fa8910/resourceGroups/rg-spoke-aks/providers/Microsoft.Storage/storageAccounts/storageforaks01357|diagnostic-settings",
            "log": [],
            "log_analytics_destination_type": "",
            "log_analytics_workspace_id": "/subscriptions/82f6d75e-85f4-434a-ab74-5dddd9fa8910/resourceGroups/rg-management/providers/Microsoft.OperationalInsights/workspaces/loganalyticsforaks011",
            "metric": [
              {
                "category": "Capacity",
                "enabled": true,
                "retention_policy": [
                  {
                    "days": 7,
                    "enabled": true
                  }
                ]
              },
              {
                "category": "Transaction",
                "enabled": true,
                "retention_policy": [
                  {
                    "days": 7,
                    "enabled": true
                  }
                ]
              }
            ],
            "name": "diagnostic-settings",
            "partner_solution_id": null,
            "storage_account_id": null,
            "target_resource_id": "/subscriptions/82f6d75e-85f4-434a-ab74-5dddd9fa8910/resourceGroups/rg-spoke-aks/providers/Microsoft.Storage/storageAccounts/storageforaks01357",
            "timeouts": null
          },
          "sensitive_attributes": [],
          "private": "eyJlMmJmYjczMC1lY2FhLTExZTYtOGY4OC0zNDM2M2JjN2M0YzAiOnsiY3JlYXRlIjoxODAwMDAwMDAwMDAwLCJkZWxldGUiOjM2MDAwMDAwMDAwMDAsInJlYWQiOjMwMDAwMDAwMDAwMCwidXBkYXRlIjoxODAwMDAwMDAwMDAwfX0=",
          "dependencies": [
            "data.azurerm_resources.resources_ds",
            "data.terraform_remote_state.management",
            "module.diagnostic_setting.data.azurerm_monitor_diagnostic_categories.categories"
          ]
        }
      ]
    },
    {
      "module": "module.diagnostic_setting[\"/subscriptions/82f6d75e-85f4-434a-ab74-5dddd9fa8910/resourceGroups/rg-spoke-mgt/providers/Microsoft.Compute/virtualMachines/vm-jumpbox-linux\"]",
      "mode": "data",
      "type": "azurerm_monitor_diagnostic_categories",
      "name": "categories",
      "provider": "provider[\"registry.terraform.io/hashicorp/azurerm\"]",
      "instances": [
        {
          "schema_version": 0,
          "attributes": {
            "id": "/subscriptions/82f6d75e-85f4-434a-ab74-5dddd9fa8910/resourceGroups/rg-spoke-mgt/providers/Microsoft.Compute/virtualMachines/vm-jumpbox-linux",
            "log_category_groups": [],
            "log_category_types": [],
            "logs": [],
            "metrics": [
              "AllMetrics"
            ],
            "resource_id": "/subscriptions/82f6d75e-85f4-434a-ab74-5dddd9fa8910/resourceGroups/rg-spoke-mgt/providers/Microsoft.Compute/virtualMachines/vm-jumpbox-linux",
            "timeouts": null
          },
          "sensitive_attributes": []
        }
      ]
    },
    {
      "module": "module.diagnostic_setting[\"/subscriptions/82f6d75e-85f4-434a-ab74-5dddd9fa8910/resourceGroups/rg-spoke-mgt/providers/Microsoft.Compute/virtualMachines/vm-jumpbox-linux\"]",
      "mode": "managed",
      "type": "azurerm_monitor_diagnostic_setting",
      "name": "diagnostic_settings",
      "provider": "provider[\"registry.terraform.io/hashicorp/azurerm\"]",
      "instances": [
        {
          "schema_version": 0,
          "attributes": {
            "enabled_log": [],
            "eventhub_authorization_rule_id": "",
            "eventhub_name": "",
            "id": "/subscriptions/82f6d75e-85f4-434a-ab74-5dddd9fa8910/resourceGroups/rg-spoke-mgt/providers/Microsoft.Compute/virtualMachines/vm-jumpbox-linux|diagnostic-settings",
            "log": [],
            "log_analytics_destination_type": "",
            "log_analytics_workspace_id": "/subscriptions/82f6d75e-85f4-434a-ab74-5dddd9fa8910/resourceGroups/rg-management/providers/Microsoft.OperationalInsights/workspaces/loganalyticsforaks011",
            "metric": [
              {
                "category": "AllMetrics",
                "enabled": true,
                "retention_policy": [
                  {
                    "days": 7,
                    "enabled": true
                  }
                ]
              }
            ],
            "name": "diagnostic-settings",
            "partner_solution_id": null,
            "storage_account_id": null,
            "target_resource_id": "/subscriptions/82f6d75e-85f4-434a-ab74-5dddd9fa8910/resourceGroups/rg-spoke-mgt/providers/Microsoft.Compute/virtualMachines/vm-jumpbox-linux",
            "timeouts": null
          },
          "sensitive_attributes": [],
          "private": "eyJlMmJmYjczMC1lY2FhLTExZTYtOGY4OC0zNDM2M2JjN2M0YzAiOnsiY3JlYXRlIjoxODAwMDAwMDAwMDAwLCJkZWxldGUiOjM2MDAwMDAwMDAwMDAsInJlYWQiOjMwMDAwMDAwMDAwMCwidXBkYXRlIjoxODAwMDAwMDAwMDAwfX0=",
          "dependencies": [
            "data.azurerm_resources.resources_ds",
            "data.terraform_remote_state.management",
            "module.diagnostic_setting.data.azurerm_monitor_diagnostic_categories.categories"
          ]
        }
      ]
    },
    {
      "module": "module.diagnostic_setting[\"/subscriptions/82f6d75e-85f4-434a-ab74-5dddd9fa8910/resourceGroups/rg-spoke-mgt/providers/Microsoft.Network/networkInterfaces/nic-vm-jumpbox-linux\"]",
      "mode": "data",
      "type": "azurerm_monitor_diagnostic_categories",
      "name": "categories",
      "provider": "provider[\"registry.terraform.io/hashicorp/azurerm\"]",
      "instances": [
        {
          "schema_version": 0,
          "attributes": {
            "id": "/subscriptions/82f6d75e-85f4-434a-ab74-5dddd9fa8910/resourceGroups/rg-spoke-mgt/providers/Microsoft.Network/networkInterfaces/nic-vm-jumpbox-linux",
            "log_category_groups": [],
            "log_category_types": [],
            "logs": [],
            "metrics": [
              "AllMetrics"
            ],
            "resource_id": "/subscriptions/82f6d75e-85f4-434a-ab74-5dddd9fa8910/resourceGroups/rg-spoke-mgt/providers/Microsoft.Network/networkInterfaces/nic-vm-jumpbox-linux",
            "timeouts": null
          },
          "sensitive_attributes": []
        }
      ]
    },
    {
      "module": "module.diagnostic_setting[\"/subscriptions/82f6d75e-85f4-434a-ab74-5dddd9fa8910/resourceGroups/rg-spoke-mgt/providers/Microsoft.Network/networkInterfaces/nic-vm-jumpbox-linux\"]",
      "mode": "managed",
      "type": "azurerm_monitor_diagnostic_setting",
      "name": "diagnostic_settings",
      "provider": "provider[\"registry.terraform.io/hashicorp/azurerm\"]",
      "instances": [
        {
          "schema_version": 0,
          "attributes": {
            "enabled_log": [],
            "eventhub_authorization_rule_id": "",
            "eventhub_name": "",
            "id": "/subscriptions/82f6d75e-85f4-434a-ab74-5dddd9fa8910/resourceGroups/rg-spoke-mgt/providers/Microsoft.Network/networkInterfaces/nic-vm-jumpbox-linux|diagnostic-settings",
            "log": [],
            "log_analytics_destination_type": "",
            "log_analytics_workspace_id": "/subscriptions/82f6d75e-85f4-434a-ab74-5dddd9fa8910/resourceGroups/rg-management/providers/Microsoft.OperationalInsights/workspaces/loganalyticsforaks011",
            "metric": [
              {
                "category": "AllMetrics",
                "enabled": true,
                "retention_policy": [
                  {
                    "days": 7,
                    "enabled": true
                  }
                ]
              }
            ],
            "name": "diagnostic-settings",
            "partner_solution_id": null,
            "storage_account_id": null,
            "target_resource_id": "/subscriptions/82f6d75e-85f4-434a-ab74-5dddd9fa8910/resourceGroups/rg-spoke-mgt/providers/Microsoft.Network/networkInterfaces/nic-vm-jumpbox-linux",
            "timeouts": null
          },
          "sensitive_attributes": [],
          "private": "eyJlMmJmYjczMC1lY2FhLTExZTYtOGY4OC0zNDM2M2JjN2M0YzAiOnsiY3JlYXRlIjoxODAwMDAwMDAwMDAwLCJkZWxldGUiOjM2MDAwMDAwMDAwMDAsInJlYWQiOjMwMDAwMDAwMDAwMCwidXBkYXRlIjoxODAwMDAwMDAwMDAwfX0=",
          "dependencies": [
            "data.azurerm_resources.resources_ds",
            "data.terraform_remote_state.management",
            "module.diagnostic_setting.data.azurerm_monitor_diagnostic_categories.categories"
          ]
        }
      ]
    },
    {
      "module": "module.diagnostic_setting[\"/subscriptions/82f6d75e-85f4-434a-ab74-5dddd9fa8910/resourceGroups/rg-spoke-mgt/providers/Microsoft.Network/networkSecurityGroups/nsg-vnet-spoke-mgt\"]",
      "mode": "data",
      "type": "azurerm_monitor_diagnostic_categories",
      "name": "categories",
      "provider": "provider[\"registry.terraform.io/hashicorp/azurerm\"]",
      "instances": [
        {
          "schema_version": 0,
          "attributes": {
            "id": "/subscriptions/82f6d75e-85f4-434a-ab74-5dddd9fa8910/resourceGroups/rg-spoke-mgt/providers/Microsoft.Network/networkSecurityGroups/nsg-vnet-spoke-mgt",
            "log_category_groups": [
              "allLogs"
            ],
            "log_category_types": [
              "NetworkSecurityGroupEvent",
              "NetworkSecurityGroupRuleCounter"
            ],
            "logs": [
              "NetworkSecurityGroupEvent",
              "NetworkSecurityGroupRuleCounter"
            ],
            "metrics": [],
            "resource_id": "/subscriptions/82f6d75e-85f4-434a-ab74-5dddd9fa8910/resourceGroups/rg-spoke-mgt/providers/Microsoft.Network/networkSecurityGroups/nsg-vnet-spoke-mgt",
            "timeouts": null
          },
          "sensitive_attributes": []
        }
      ]
    },
    {
      "module": "module.diagnostic_setting[\"/subscriptions/82f6d75e-85f4-434a-ab74-5dddd9fa8910/resourceGroups/rg-spoke-mgt/providers/Microsoft.Network/networkSecurityGroups/nsg-vnet-spoke-mgt\"]",
      "mode": "managed",
      "type": "azurerm_monitor_diagnostic_setting",
      "name": "diagnostic_settings",
      "provider": "provider[\"registry.terraform.io/hashicorp/azurerm\"]",
      "instances": [
        {
          "schema_version": 0,
          "attributes": {
            "enabled_log": [
              {
                "category": "NetworkSecurityGroupEvent",
                "category_group": "",
                "retention_policy": [
                  {
                    "days": 7,
                    "enabled": true
                  }
                ]
              },
              {
                "category": "NetworkSecurityGroupRuleCounter",
                "category_group": "",
                "retention_policy": [
                  {
                    "days": 7,
                    "enabled": true
                  }
                ]
              }
            ],
            "eventhub_authorization_rule_id": "",
            "eventhub_name": "",
            "id": "/subscriptions/82f6d75e-85f4-434a-ab74-5dddd9fa8910/resourceGroups/rg-spoke-mgt/providers/Microsoft.Network/networkSecurityGroups/nsg-vnet-spoke-mgt|diagnostic-settings",
            "log": [
              {
                "category": "NetworkSecurityGroupEvent",
                "category_group": "",
                "enabled": true,
                "retention_policy": [
                  {
                    "days": 7,
                    "enabled": true
                  }
                ]
              },
              {
                "category": "NetworkSecurityGroupRuleCounter",
                "category_group": "",
                "enabled": true,
                "retention_policy": [
                  {
                    "days": 7,
                    "enabled": true
                  }
                ]
              }
            ],
            "log_analytics_destination_type": "",
            "log_analytics_workspace_id": "/subscriptions/82f6d75e-85f4-434a-ab74-5dddd9fa8910/resourceGroups/rg-management/providers/Microsoft.OperationalInsights/workspaces/loganalyticsforaks011",
            "metric": [],
            "name": "diagnostic-settings",
            "partner_solution_id": null,
            "storage_account_id": null,
            "target_resource_id": "/subscriptions/82f6d75e-85f4-434a-ab74-5dddd9fa8910/resourceGroups/rg-spoke-mgt/providers/Microsoft.Network/networkSecurityGroups/nsg-vnet-spoke-mgt",
            "timeouts": null
          },
          "sensitive_attributes": [],
          "private": "eyJlMmJmYjczMC1lY2FhLTExZTYtOGY4OC0zNDM2M2JjN2M0YzAiOnsiY3JlYXRlIjoxODAwMDAwMDAwMDAwLCJkZWxldGUiOjM2MDAwMDAwMDAwMDAsInJlYWQiOjMwMDAwMDAwMDAwMCwidXBkYXRlIjoxODAwMDAwMDAwMDAwfX0=",
          "dependencies": [
            "data.azurerm_resources.resources_ds",
            "data.terraform_remote_state.management",
            "module.diagnostic_setting.data.azurerm_monitor_diagnostic_categories.categories"
          ]
        }
      ]
    },
    {
      "module": "module.diagnostic_setting[\"/subscriptions/82f6d75e-85f4-434a-ab74-5dddd9fa8910/resourceGroups/rg-spoke-mgt/providers/Microsoft.Network/virtualNetworks/vnet-spoke-mgt\"]",
      "mode": "data",
      "type": "azurerm_monitor_diagnostic_categories",
      "name": "categories",
      "provider": "provider[\"registry.terraform.io/hashicorp/azurerm\"]",
      "instances": [
        {
          "schema_version": 0,
          "attributes": {
            "id": "/subscriptions/82f6d75e-85f4-434a-ab74-5dddd9fa8910/resourceGroups/rg-spoke-mgt/providers/Microsoft.Network/virtualNetworks/vnet-spoke-mgt",
            "log_category_groups": [
              "allLogs"
            ],
            "log_category_types": [
              "VMProtectionAlerts"
            ],
            "logs": [
              "VMProtectionAlerts"
            ],
            "metrics": [
              "AllMetrics"
            ],
            "resource_id": "/subscriptions/82f6d75e-85f4-434a-ab74-5dddd9fa8910/resourceGroups/rg-spoke-mgt/providers/Microsoft.Network/virtualNetworks/vnet-spoke-mgt",
            "timeouts": null
          },
          "sensitive_attributes": []
        }
      ]
    },
    {
      "module": "module.diagnostic_setting[\"/subscriptions/82f6d75e-85f4-434a-ab74-5dddd9fa8910/resourceGroups/rg-spoke-mgt/providers/Microsoft.Network/virtualNetworks/vnet-spoke-mgt\"]",
      "mode": "managed",
      "type": "azurerm_monitor_diagnostic_setting",
      "name": "diagnostic_settings",
      "provider": "provider[\"registry.terraform.io/hashicorp/azurerm\"]",
      "instances": [
        {
          "schema_version": 0,
          "attributes": {
            "enabled_log": [
              {
                "category": "VMProtectionAlerts",
                "category_group": "",
                "retention_policy": [
                  {
                    "days": 7,
                    "enabled": true
                  }
                ]
              }
            ],
            "eventhub_authorization_rule_id": "",
            "eventhub_name": "",
            "id": "/subscriptions/82f6d75e-85f4-434a-ab74-5dddd9fa8910/resourceGroups/rg-spoke-mgt/providers/Microsoft.Network/virtualNetworks/vnet-spoke-mgt|diagnostic-settings",
            "log": [
              {
                "category": "VMProtectionAlerts",
                "category_group": "",
                "enabled": true,
                "retention_policy": [
                  {
                    "days": 7,
                    "enabled": true
                  }
                ]
              }
            ],
            "log_analytics_destination_type": "",
            "log_analytics_workspace_id": "/subscriptions/82f6d75e-85f4-434a-ab74-5dddd9fa8910/resourceGroups/rg-management/providers/Microsoft.OperationalInsights/workspaces/loganalyticsforaks011",
            "metric": [
              {
                "category": "AllMetrics",
                "enabled": true,
                "retention_policy": [
                  {
                    "days": 7,
                    "enabled": true
                  }
                ]
              }
            ],
            "name": "diagnostic-settings",
            "partner_solution_id": null,
            "storage_account_id": null,
            "target_resource_id": "/subscriptions/82f6d75e-85f4-434a-ab74-5dddd9fa8910/resourceGroups/rg-spoke-mgt/providers/Microsoft.Network/virtualNetworks/vnet-spoke-mgt",
            "timeouts": null
          },
          "sensitive_attributes": [],
          "private": "eyJlMmJmYjczMC1lY2FhLTExZTYtOGY4OC0zNDM2M2JjN2M0YzAiOnsiY3JlYXRlIjoxODAwMDAwMDAwMDAwLCJkZWxldGUiOjM2MDAwMDAwMDAwMDAsInJlYWQiOjMwMDAwMDAwMDAwMCwidXBkYXRlIjoxODAwMDAwMDAwMDAwfX0=",
          "dependencies": [
            "data.azurerm_resources.resources_ds",
            "data.terraform_remote_state.management",
            "module.diagnostic_setting.data.azurerm_monitor_diagnostic_categories.categories"
          ]
        }
      ]
    }
  ],
  "check_results": null
}
