{
  "version": 4,
  "terraform_version": "1.10.4",
  "serial": 11,
  "lineage": "5ebf7d49-0fb2-0f7a-3e50-23abb2e5fa7b",
  "outputs": {},
  "resources": [
    {
      "mode": "data",
      "type": "azurerm_client_config",
      "name": "current",
      "provider": "provider[\"registry.terraform.io/hashicorp/azurerm\"]",
      "instances": [
        {
          "schema_version": 0,
          "attributes": {
            "client_id": "04b07795-8ddb-461a-bbee-02f9e1bf7b46",
            "id": "Y2xpZW50Q29uZmlncy9jbGllbnRJZD0wNGIwNzc5NS04ZGRiLTQ2MWEtYmJlZS0wMmY5ZTFiZjdiNDY7b2JqZWN0SWQ9ODE3M2M0NWQtMDM1ZS00NjkyLThmNDAtNTQwY2Q1ZmMwZjE4O3N1YnNjcmlwdGlvbklkPWRjZWY3MDA5LTZiOTQtNDM4Mi1hZmRjLTE3ZWIxNjBkNzA5YTt0ZW5hbnRJZD05MzEzOWQxZS1hM2MxLTRkNzgtOWVkNS04NzhiZTA5MGViYTQ=",
            "object_id": "8173c45d-035e-4692-8f40-540cd5fc0f18",
            "subscription_id": "dcef7009-6b94-4382-afdc-17eb160d709a",
            "tenant_id": "93139d1e-a3c1-4d78-9ed5-878be090eba4",
            "timeouts": null
          },
          "sensitive_attributes": []
        }
      ]
    },
    {
      "mode": "managed",
      "type": "azurerm_resource_group",
      "name": "rg",
      "provider": "provider[\"registry.terraform.io/hashicorp/azurerm\"]",
      "instances": [
        {
          "schema_version": 0,
          "attributes": {
            "id": "/subscriptions/dcef7009-6b94-4382-afdc-17eb160d709a/resourceGroups/rg-lzaks-spoke-aks-airbus-dev",
            "location": "swedencentral",
            "managed_by": "",
            "name": "rg-lzaks-spoke-aks-airbus-dev",
            "tags": null,
            "timeouts": null
          },
          "sensitive_attributes": [],
          "private": "eyJlMmJmYjczMC1lY2FhLTExZTYtOGY4OC0zNDM2M2JjN2M0YzAiOnsiY3JlYXRlIjo1NDAwMDAwMDAwMDAwLCJkZWxldGUiOjU0MDAwMDAwMDAwMDAsInJlYWQiOjMwMDAwMDAwMDAwMCwidXBkYXRlIjo1NDAwMDAwMDAwMDAwfX0="
        }
      ]
    },
    {
      "module": "module.aks",
      "mode": "managed",
      "type": "azurerm_kubernetes_cluster",
      "name": "aks",
      "provider": "provider[\"registry.terraform.io/hashicorp/azurerm\"]",
      "instances": [
        {
          "schema_version": 2,
          "attributes": {
            "aci_connector_linux": [],
            "api_server_access_profile": [],
            "auto_scaler_profile": [
              {
                "balance_similar_node_groups": false,
                "daemonset_eviction_for_empty_nodes_enabled": false,
                "daemonset_eviction_for_occupied_nodes_enabled": true,
                "empty_bulk_delete_max": "10",
                "expander": "random",
                "ignore_daemonsets_utilization_enabled": false,
                "max_graceful_termination_sec": "600",
                "max_node_provisioning_time": "15m",
                "max_unready_nodes": 3,
                "max_unready_percentage": 45,
                "new_pod_scale_up_delay": "10s",
                "scale_down_delay_after_add": "10m",
                "scale_down_delay_after_delete": "10s",
                "scale_down_delay_after_failure": "3m",
                "scale_down_unneeded": "10m",
                "scale_down_unready": "20m",
                "scale_down_utilization_threshold": "0.5",
                "scan_interval": "10s",
                "skip_nodes_with_local_storage": true,
                "skip_nodes_with_system_pods": true
              }
            ],
            "automatic_upgrade_channel": "node-image",
            "azure_active_directory_role_based_access_control": [
              {
                "admin_group_object_ids": null,
                "azure_rbac_enabled": true,
                "tenant_id": "93139d1e-a3c1-4d78-9ed5-878be090eba4"
              }
            ],
            "azure_policy_enabled": true,
            "confidential_computing": [
              {
                "sgx_quote_helper_enabled": false
              }
            ],
            "cost_analysis_enabled": false,
            "current_kubernetes_version": "1.31.3",
            "default_node_pool": [
              {
                "auto_scaling_enabled": true,
                "capacity_reservation_group_id": "",
                "fips_enabled": false,
                "gpu_instance": "",
                "host_encryption_enabled": false,
                "host_group_id": "",
                "kubelet_config": [],
                "kubelet_disk_type": "OS",
                "linux_os_config": [],
                "max_count": 3,
                "max_pods": 110,
                "min_count": 1,
                "name": "systemnp",
                "node_count": 3,
                "node_labels": {},
                "node_network_profile": [],
                "node_public_ip_enabled": false,
                "node_public_ip_prefix_id": "",
                "only_critical_addons_enabled": true,
                "orchestrator_version": "1.31.3",
                "os_disk_size_gb": 128,
                "os_disk_type": "Managed",
                "os_sku": "AzureLinux",
                "pod_subnet_id": "",
                "proximity_placement_group_id": "",
                "scale_down_mode": "Deallocate",
                "snapshot_id": "",
                "tags": {
                  "architecture": "Hub\u0026Spoke",
                  "environment": "development",
                  "source": "terraform"
                },
                "temporary_name_for_rotation": "sysnptmp",
                "type": "VirtualMachineScaleSets",
                "ultra_ssd_enabled": false,
                "upgrade_settings": [
                  {
                    "drain_timeout_in_minutes": 0,
                    "max_surge": "10%",
                    "node_soak_duration_in_minutes": 0
                  }
                ],
                "vm_size": "Standard_D2s_v5",
                "vnet_subnet_id": "/subscriptions/dcef7009-6b94-4382-afdc-17eb160d709a/resourceGroups/rg-lzaks-spoke-aks-infra/providers/Microsoft.Network/virtualNetworks/vnet-spoke-aks/subnets/snet-aks-airbus",
                "workload_runtime": "OCIContainer",
                "zones": [
                  "1",
                  "2",
                  "3"
                ]
              }
            ],
            "disk_encryption_set_id": "",
            "dns_prefix": "aks",
            "dns_prefix_private_cluster": "",
            "edge_zone": "",
            "fqdn": "",
            "http_application_routing_enabled": false,
            "http_application_routing_zone_name": "",
            "http_proxy_config": [],
            "id": "/subscriptions/dcef7009-6b94-4382-afdc-17eb160d709a/resourceGroups/rg-lzaks-spoke-aks-airbus-dev/providers/Microsoft.ContainerService/managedClusters/aks-cluster",
            "identity": [
              {
                "identity_ids": [
                  "/subscriptions/dcef7009-6b94-4382-afdc-17eb160d709a/resourceGroups/rg-lzaks-spoke-aks-airbus-dev/providers/Microsoft.ManagedIdentity/userAssignedIdentities/identity-aks"
                ],
                "principal_id": "",
                "tenant_id": "",
                "type": "UserAssigned"
              }
            ],
            "image_cleaner_enabled": true,
            "image_cleaner_interval_hours": 24,
            "ingress_application_gateway": [],
            "key_management_service": [],
            "key_vault_secrets_provider": [
              {
                "secret_identity": [
                  {
                    "client_id": "d192bcb7-c1d4-441f-9d1e-84dc970944c4",
                    "object_id": "80d66de0-a86f-4067-9bc4-7005244d4952",
                    "user_assigned_identity_id": "/subscriptions/dcef7009-6b94-4382-afdc-17eb160d709a/resourcegroups/rg-lzaks-spoke-aks-airbus-dev-nodes/providers/Microsoft.ManagedIdentity/userAssignedIdentities/azurekeyvaultsecretsprovider-aks-cluster"
                  }
                ],
                "secret_rotation_enabled": true,
                "secret_rotation_interval": "2m"
              }
            ],
            "kube_admin_config": [],
            "kube_admin_config_raw": "",
            "kube_config": [
              {
                "client_certificate": "",
                "client_key": "",
                "cluster_ca_certificate": "LS0tLS1CRUdJTiBDRVJUSUZJQ0FURS0tLS0tCk1JSUU2RENDQXRDZ0F3SUJBZ0lRQk5pcHFlczBPT3FrV25Xc3BLY3FEVEFOQmdrcWhraUc5dzBCQVFzRkFEQU4KTVFzd0NRWURWUVFERXdKallUQWdGdzB5TlRBeE1qRXdOalF4TVRGYUdBOHlNRFUxTURFeU1UQTJOVEV4TVZvdwpEVEVMTUFrR0ExVUVBeE1DWTJFd2dnSWlNQTBHQ1NxR1NJYjNEUUVCQVFVQUE0SUNEd0F3Z2dJS0FvSUNBUURyCm0wVmE2RTFtTmtCbW5BK0J0YmRibU0wRFlqTEpza0hVTk1JcU9PQWJqRGwzRndrSmRRM1dqN3lyNm9GVHlXTngKTnBrdnYvbFl0enFkUXBXVVA3d0ErU241MVZsOUdKZnM4TlN5OXNMcG45NzJ2VjZEQ1hWZmswMC9aYWx1U3BwQgpYeUNPRDE4aGZ4N3BmR1lETk1KVjZGdVFnd1JtdWVaQk5uK3hBT2JycFVBUXpHa1hxMnJXZllVam1PaUROdkVtCmx2MFloZndRQnRGVlh5MGg0MDFDeWZ2RFIyeHl5Z0owU0dqQXR0TGxucldNdlNEOTV4YzVZR0s0Zk81ZFVFdzIKdFhlM1hET3VXVk1taTdYbi9mbm5mcVFWOWs3K0NVb0lKdURUbWxqMXV5RFN6R1czeC90dmp3empqYUVtRlpaOQpLQkpEN2tDNkhyUGh6YkdEZnFoSEpsdnQyTmV5b0c4UlVhL0JITzhqVFFLcUc4bys4Yml2Vm9jd2l6TzhRSEpDCnhNVUJnWnpPYzZOSFV1UVRTSWgzR1c1YVdSeDF2TU9WcVJZcWVObFJDYkE4cnROTXJLbGVjQ1oxcVRVSzFRd0sKMlN2NE00b3lyNTVlV0lrZUFLMldOSEh6ZyszQ2hZSFYxQ1R3YndMd2NiNXFpdW91RDI1NktHYlNmU1JRS1J1WApmZEdSU0ZtcW1jaDV6L2txYnR2bXhaSWpQSy92N3RnYW9sTElhWUR2MUVBSzY3SWZ2QWRmeU5YbWNIREphbUh6ClJSbmtYYUl1c0UwQnROSGJDc3ZNaHk1QUhXZzdCS3M5ejdZM1dsUU9kOUxreHE1U3YycHB3VkRlWnFWQ0t4VXUKdGE3Tk5qSkx3akdmRWF0SEJ5REE1TUcxQVkvVXBDWTBEcG9CcnpTYkp3SURBUUFCbzBJd1FEQU9CZ05WSFE4QgpBZjhFQkFNQ0FxUXdEd1lEVlIwVEFRSC9CQVV3QXdFQi96QWRCZ05WSFE0RUZnUVV5cDhEdnh6YUEwVTBUMW0zCmJBYVhldUQ4eDZBd0RRWUpLb1pJaHZjTkFRRUxCUUFEZ2dJQkFCaVZXcWpob2c0c3NFQnNZeXhQSE04VXl2YjQKZ05hKzBuaGJucHNCM3doV3NtdnhkMUhwM0tIMzJydnRIU1FxSUU3ZGhLc2xzWjZ4aTI4am9RejM5R2xwUTRBcgp5NnphWXZOOU1jWk9jTERGL0JQUzQwU3Z6YllXTW5lejdQUEwvQTVGR2toclNUY0NwUzBGUnBrVDFxZnJBMFRNCkJoN3owQXV0UkRxYVpTS1pPbERZWmtZTlpHb1UvSTgrVHlDYmxsMGNUbUg4Ym5hUXhEN2xLRUZhZEVXdVdLUFQKVy83NVkrWFRvZ1EwazRmbnBDOGZWMkVZcDJKKzlhU2NXVDhjaStuMDh1YXVJZTZBVkwxWENCRXRCOEVBQjlKRwpPcWhXSk1LY0gybjBuaitWMFN5ZTJQcVJqeUg4dklvaUplNU1PVUVMMER6OVhuUVBPTG1oZkw3emZSa2xmR1Z3ClNXcUZhWmZpeVZVdXhjRlcwRkR2Znl2MjRvbjBnSmRGUVJuck5kSWlOZWxvZy9GUkNRYjlnc0lTSytQd0lFTVoKNmc2bWg5WUx0eVpqb3pjdE1CNG55bkttei9QYTVkaTNKWGswQ2g1UnY1bXpxWms4STVOc2lLdkVoTHJSVUNWTgpLVEthU2Y2S1FFNlUwcHA0M3NCaHd1eWFETXZGWndLMUo4Rlpid2UzMUFMcVdZS3ozSFROcXpNczJZU3BtT2hJCnIyS3czY2xWZStobmhzeXVYc1UxYUlpTG56LzFtU0picEFaV1pYVVNtekV1cExQOUVMZ1F3S2xxUlVhbGJhVzkKNXd1dHdmbUJqKzJPbm9ncDV3RFh4Mk1GZTgwdFRJbUVyT1p5Y0FFdE5ENW8yS3haQkFwbWpqbHowcFZQT3BMVwpxU21XbDUwZ1Q4ZVNBQzFNCi0tLS0tRU5EIENFUlRJRklDQVRFLS0tLS0K",
                "host": "https://aks-keawrleu.privatelink.swedencentral.azmk8s.io:443",
                "password": "",
                "username": "clusterUser_rg-lzaks-spoke-aks-airbus-dev_aks-cluster"
              }
            ],
            "kube_config_raw": "apiVersion: v1\nclusters:\n- cluster:\n    certificate-authority-data: LS0tLS1CRUdJTiBDRVJUSUZJQ0FURS0tLS0tCk1JSUU2RENDQXRDZ0F3SUJBZ0lRQk5pcHFlczBPT3FrV25Xc3BLY3FEVEFOQmdrcWhraUc5dzBCQVFzRkFEQU4KTVFzd0NRWURWUVFERXdKallUQWdGdzB5TlRBeE1qRXdOalF4TVRGYUdBOHlNRFUxTURFeU1UQTJOVEV4TVZvdwpEVEVMTUFrR0ExVUVBeE1DWTJFd2dnSWlNQTBHQ1NxR1NJYjNEUUVCQVFVQUE0SUNEd0F3Z2dJS0FvSUNBUURyCm0wVmE2RTFtTmtCbW5BK0J0YmRibU0wRFlqTEpza0hVTk1JcU9PQWJqRGwzRndrSmRRM1dqN3lyNm9GVHlXTngKTnBrdnYvbFl0enFkUXBXVVA3d0ErU241MVZsOUdKZnM4TlN5OXNMcG45NzJ2VjZEQ1hWZmswMC9aYWx1U3BwQgpYeUNPRDE4aGZ4N3BmR1lETk1KVjZGdVFnd1JtdWVaQk5uK3hBT2JycFVBUXpHa1hxMnJXZllVam1PaUROdkVtCmx2MFloZndRQnRGVlh5MGg0MDFDeWZ2RFIyeHl5Z0owU0dqQXR0TGxucldNdlNEOTV4YzVZR0s0Zk81ZFVFdzIKdFhlM1hET3VXVk1taTdYbi9mbm5mcVFWOWs3K0NVb0lKdURUbWxqMXV5RFN6R1czeC90dmp3empqYUVtRlpaOQpLQkpEN2tDNkhyUGh6YkdEZnFoSEpsdnQyTmV5b0c4UlVhL0JITzhqVFFLcUc4bys4Yml2Vm9jd2l6TzhRSEpDCnhNVUJnWnpPYzZOSFV1UVRTSWgzR1c1YVdSeDF2TU9WcVJZcWVObFJDYkE4cnROTXJLbGVjQ1oxcVRVSzFRd0sKMlN2NE00b3lyNTVlV0lrZUFLMldOSEh6ZyszQ2hZSFYxQ1R3YndMd2NiNXFpdW91RDI1NktHYlNmU1JRS1J1WApmZEdSU0ZtcW1jaDV6L2txYnR2bXhaSWpQSy92N3RnYW9sTElhWUR2MUVBSzY3SWZ2QWRmeU5YbWNIREphbUh6ClJSbmtYYUl1c0UwQnROSGJDc3ZNaHk1QUhXZzdCS3M5ejdZM1dsUU9kOUxreHE1U3YycHB3VkRlWnFWQ0t4VXUKdGE3Tk5qSkx3akdmRWF0SEJ5REE1TUcxQVkvVXBDWTBEcG9CcnpTYkp3SURBUUFCbzBJd1FEQU9CZ05WSFE4QgpBZjhFQkFNQ0FxUXdEd1lEVlIwVEFRSC9CQVV3QXdFQi96QWRCZ05WSFE0RUZnUVV5cDhEdnh6YUEwVTBUMW0zCmJBYVhldUQ4eDZBd0RRWUpLb1pJaHZjTkFRRUxCUUFEZ2dJQkFCaVZXcWpob2c0c3NFQnNZeXhQSE04VXl2YjQKZ05hKzBuaGJucHNCM3doV3NtdnhkMUhwM0tIMzJydnRIU1FxSUU3ZGhLc2xzWjZ4aTI4am9RejM5R2xwUTRBcgp5NnphWXZOOU1jWk9jTERGL0JQUzQwU3Z6YllXTW5lejdQUEwvQTVGR2toclNUY0NwUzBGUnBrVDFxZnJBMFRNCkJoN3owQXV0UkRxYVpTS1pPbERZWmtZTlpHb1UvSTgrVHlDYmxsMGNUbUg4Ym5hUXhEN2xLRUZhZEVXdVdLUFQKVy83NVkrWFRvZ1EwazRmbnBDOGZWMkVZcDJKKzlhU2NXVDhjaStuMDh1YXVJZTZBVkwxWENCRXRCOEVBQjlKRwpPcWhXSk1LY0gybjBuaitWMFN5ZTJQcVJqeUg4dklvaUplNU1PVUVMMER6OVhuUVBPTG1oZkw3emZSa2xmR1Z3ClNXcUZhWmZpeVZVdXhjRlcwRkR2Znl2MjRvbjBnSmRGUVJuck5kSWlOZWxvZy9GUkNRYjlnc0lTSytQd0lFTVoKNmc2bWg5WUx0eVpqb3pjdE1CNG55bkttei9QYTVkaTNKWGswQ2g1UnY1bXpxWms4STVOc2lLdkVoTHJSVUNWTgpLVEthU2Y2S1FFNlUwcHA0M3NCaHd1eWFETXZGWndLMUo4Rlpid2UzMUFMcVdZS3ozSFROcXpNczJZU3BtT2hJCnIyS3czY2xWZStobmhzeXVYc1UxYUlpTG56LzFtU0picEFaV1pYVVNtekV1cExQOUVMZ1F3S2xxUlVhbGJhVzkKNXd1dHdmbUJqKzJPbm9ncDV3RFh4Mk1GZTgwdFRJbUVyT1p5Y0FFdE5ENW8yS3haQkFwbWpqbHowcFZQT3BMVwpxU21XbDUwZ1Q4ZVNBQzFNCi0tLS0tRU5EIENFUlRJRklDQVRFLS0tLS0K\n    server: https://aks-keawrleu.privatelink.swedencentral.azmk8s.io:443\n  name: aks-cluster\ncontexts:\n- context:\n    cluster: aks-cluster\n    user: clusterUser_rg-lzaks-spoke-aks-airbus-dev_aks-cluster\n  name: aks-cluster\ncurrent-context: aks-cluster\nkind: Config\npreferences: {}\nusers:\n- name: clusterUser_rg-lzaks-spoke-aks-airbus-dev_aks-cluster\n  user:\n    exec:\n      apiVersion: client.authentication.k8s.io/v1beta1\n      args:\n      - get-token\n      - --environment\n      - AzurePublicCloud\n      - --server-id\n      - 6dae42f8-4368-4678-94ff-3960e28e3630\n      - --client-id\n      - 80faf920-1908-4b52-b5ef-a8e7bedfc67a\n      - --tenant-id\n      - 93139d1e-a3c1-4d78-9ed5-878be090eba4\n      - --login\n      - devicecode\n      command: kubelogin\n      env: null\n      installHint: |2\n\n        kubelogin is not installed which is required to connect to AAD enabled cluster.\n\n        To learn more, please go to https://aka.ms/aks/kubelogin\n      provideClusterInfo: false\n",
            "kubelet_identity": [
              {
                "client_id": "d774eb67-6acb-4c26-98a9-01b70174a070",
                "object_id": "3c2e99f3-231b-4f5a-9372-76dca4584e0a",
                "user_assigned_identity_id": "/subscriptions/dcef7009-6b94-4382-afdc-17eb160d709a/resourceGroups/rg-lzaks-spoke-aks-airbus-dev/providers/Microsoft.ManagedIdentity/userAssignedIdentities/identity-kubelet"
              }
            ],
            "kubernetes_version": "1.31.3",
            "linux_profile": [],
            "local_account_disabled": true,
            "location": "swedencentral",
            "maintenance_window": [
              {
                "allowed": [
                  {
                    "day": "Saturday",
                    "hours": [
                      2,
                      8
                    ]
                  }
                ],
                "not_allowed": []
              }
            ],
            "maintenance_window_auto_upgrade": [
              {
                "day_of_month": 0,
                "day_of_week": "Monday",
                "duration": 9,
                "frequency": "Weekly",
                "interval": 1,
                "not_allowed": [
                  {
                    "end": "2025-01-02T00:00:00Z",
                    "start": "2025-01-01T00:00:00Z"
                  }
                ],
                "start_date": "2025-01-01T00:00:00Z",
                "start_time": "02:00",
                "utc_offset": "+01:00",
                "week_index": ""
              }
            ],
            "maintenance_window_node_os": [
              {
                "day_of_month": 0,
                "day_of_week": "Monday",
                "duration": 9,
                "frequency": "Weekly",
                "interval": 1,
                "not_allowed": [
                  {
                    "end": "2025-01-02T00:00:00Z",
                    "start": "2025-01-01T00:00:00Z"
                  }
                ],
                "start_date": "2025-01-01T00:00:00Z",
                "start_time": "02:00",
                "utc_offset": "+01:00",
                "week_index": ""
              }
            ],
            "microsoft_defender": [],
            "monitor_metrics": [
              {
                "annotations_allowed": "",
                "labels_allowed": ""
              }
            ],
            "name": "aks-cluster",
            "network_profile": [
              {
                "dns_service_ip": "10.0.0.10",
                "ip_versions": [
                  "IPv4"
                ],
                "load_balancer_profile": [
                  {
                    "backend_pool_type": "NodeIPConfiguration",
                    "effective_outbound_ips": [],
                    "idle_timeout_in_minutes": 0,
                    "managed_outbound_ip_count": 0,
                    "managed_outbound_ipv6_count": 0,
                    "outbound_ip_address_ids": [],
                    "outbound_ip_prefix_ids": [],
                    "outbound_ports_allocated": 0
                  }
                ],
                "load_balancer_sku": "standard",
                "nat_gateway_profile": [],
                "network_data_plane": "cilium",
                "network_mode": "",
                "network_plugin": "azure",
                "network_plugin_mode": "overlay",
                "network_policy": "cilium",
                "outbound_type": "userDefinedRouting",
                "pod_cidr": "10.10.240.0/20",
                "pod_cidrs": [
                  "10.10.240.0/20"
                ],
                "service_cidr": "10.0.0.0/16",
                "service_cidrs": [
                  "10.0.0.0/16"
                ]
              }
            ],
            "node_os_upgrade_channel": "NodeImage",
            "node_resource_group": "rg-lzaks-spoke-aks-airbus-dev-nodes",
            "node_resource_group_id": "/subscriptions/dcef7009-6b94-4382-afdc-17eb160d709a/resourceGroups/rg-lzaks-spoke-aks-airbus-dev-nodes",
            "oidc_issuer_enabled": true,
            "oidc_issuer_url": "https://swedencentral.oic.prod-aks.azure.com/93139d1e-a3c1-4d78-9ed5-878be090eba4/f308f80d-92fe-4dca-b071-59dc0e572dac/",
            "oms_agent": [
              {
                "log_analytics_workspace_id": "/subscriptions/dcef7009-6b94-4382-afdc-17eb160d709a/resourceGroups/rg-lzaks-management/providers/Microsoft.OperationalInsights/workspaces/loganalyticsforaks011",
                "msi_auth_for_monitoring_enabled": true,
                "oms_agent_identity": []
              }
            ],
            "open_service_mesh_enabled": false,
            "portal_fqdn": "78f02e88557dd5c0527c7ed4d553aa08-priv.portal.hcp.swedencentral.azmk8s.io",
            "private_cluster_enabled": true,
            "private_cluster_public_fqdn_enabled": false,
            "private_dns_zone_id": "/subscriptions/dcef7009-6b94-4382-afdc-17eb160d709a/resourceGroups/rg-lzaks-hub/providers/Microsoft.Network/privateDnsZones/privatelink.swedencentral.azmk8s.io",
            "private_fqdn": "aks-keawrleu.privatelink.swedencentral.azmk8s.io",
            "resource_group_name": "rg-lzaks-spoke-aks-airbus-dev",
            "role_based_access_control_enabled": true,
            "run_command_enabled": false,
            "service_mesh_profile": [],
            "service_principal": [],
            "sku_tier": "Free",
            "storage_profile": [
              {
                "blob_driver_enabled": true,
                "disk_driver_enabled": true,
                "file_driver_enabled": true,
                "snapshot_controller_enabled": true
              }
            ],
            "support_plan": "KubernetesOfficial",
            "tags": {
              "architecture": "Hub\u0026Spoke",
              "environment": "development",
              "source": "terraform"
            },
            "timeouts": null,
            "web_app_routing": [
              {
                "dns_zone_ids": [],
                "web_app_routing_identity": [
                  {
                    "client_id": "43bd9a46-29ea-4594-ac6b-1a0c32f62c5a",
                    "object_id": "2b8d44bd-4b16-4807-a0e7-b51e028c6840",
                    "user_assigned_identity_id": "/subscriptions/dcef7009-6b94-4382-afdc-17eb160d709a/resourcegroups/rg-lzaks-spoke-aks-airbus-dev-nodes/providers/Microsoft.ManagedIdentity/userAssignedIdentities/webapprouting-aks-cluster"
                  }
                ]
              }
            ],
            "windows_profile": [
              {
                "admin_password": "",
                "admin_username": "azureuser",
                "gmsa": [],
                "license": ""
              }
            ],
            "workload_autoscaler_profile": [
              {
                "keda_enabled": true,
                "vertical_pod_autoscaler_enabled": true
              }
            ],
            "workload_identity_enabled": true
          },
          "sensitive_attributes": [
            [
              {
                "type": "get_attr",
                "value": "kube_config_raw"
              }
            ],
            [
              {
                "type": "get_attr",
                "value": "kube_admin_config_raw"
              }
            ],
            [
              {
                "type": "get_attr",
                "value": "kube_config"
              }
            ],
            [
              {
                "type": "get_attr",
                "value": "windows_profile"
              },
              {
                "type": "index",
                "value": {
                  "value": 0,
                  "type": "number"
                }
              },
              {
                "type": "get_attr",
                "value": "admin_password"
              }
            ],
            [
              {
                "type": "get_attr",
                "value": "kube_admin_config"
              }
            ]
          ],
          "private": "eyJlMmJmYjczMC1lY2FhLTExZTYtOGY4OC0zNDM2M2JjN2M0YzAiOnsiY3JlYXRlIjo1NDAwMDAwMDAwMDAwLCJkZWxldGUiOjU0MDAwMDAwMDAwMDAsInJlYWQiOjMwMDAwMDAwMDAwMCwidXBkYXRlIjo1NDAwMDAwMDAwMDAwfSwic2NoZW1hX3ZlcnNpb24iOiIyIn0=",
          "dependencies": [
            "azurerm_resource_group.rg",
            "data.azurerm_client_config.current",
            "module.aks.azurerm_role_assignment.contributor",
            "module.aks.azurerm_role_assignment.managed-identity-operator",
            "module.aks.azurerm_role_assignment.network-contributor",
            "module.aks.azurerm_role_assignment.private-dns-zone-contributor",
            "module.aks.azurerm_user_assigned_identity.identity-aks",
            "module.aks.azurerm_user_assigned_identity.identity-kubelet"
          ]
        }
      ]
    },
    {
      "module": "module.aks",
      "mode": "managed",
      "type": "azurerm_role_assignment",
      "name": "acrpull",
      "provider": "provider[\"registry.terraform.io/hashicorp/azurerm\"]",
      "instances": [
        {
          "schema_version": 0,
          "attributes": {
            "condition": "",
            "condition_version": "",
            "delegated_managed_identity_resource_id": "",
            "description": "",
            "id": "/subscriptions/dcef7009-6b94-4382-afdc-17eb160d709a/resourceGroups/rg-lzaks-spoke-aks-infra/providers/Microsoft.ContainerRegistry/registries/acrforakstf01357/providers/Microsoft.Authorization/roleAssignments/4583e98f-1be4-f27d-7554-499a3ece887a",
            "name": "4583e98f-1be4-f27d-7554-499a3ece887a",
            "principal_id": "3c2e99f3-231b-4f5a-9372-76dca4584e0a",
            "principal_type": "ServicePrincipal",
            "role_definition_id": "/subscriptions/dcef7009-6b94-4382-afdc-17eb160d709a/providers/Microsoft.Authorization/roleDefinitions/7f951dda-4ed3-4680-a7ca-43fe172d538d",
            "role_definition_name": "AcrPull",
            "scope": "/subscriptions/dcef7009-6b94-4382-afdc-17eb160d709a/resourceGroups/rg-lzaks-spoke-aks-infra/providers/Microsoft.ContainerRegistry/registries/acrforakstf01357",
            "skip_service_principal_aad_check": true,
            "timeouts": null
          },
          "sensitive_attributes": [],
          "private": "eyJlMmJmYjczMC1lY2FhLTExZTYtOGY4OC0zNDM2M2JjN2M0YzAiOnsiY3JlYXRlIjoxODAwMDAwMDAwMDAwLCJkZWxldGUiOjE4MDAwMDAwMDAwMDAsInJlYWQiOjMwMDAwMDAwMDAwMH19",
          "dependencies": [
            "azurerm_resource_group.rg",
            "module.aks.azurerm_user_assigned_identity.identity-kubelet"
          ]
        }
      ]
    },
    {
      "module": "module.aks",
      "mode": "managed",
      "type": "azurerm_role_assignment",
      "name": "contributor",
      "provider": "provider[\"registry.terraform.io/hashicorp/azurerm\"]",
      "instances": [
        {
          "schema_version": 0,
          "attributes": {
            "condition": "",
            "condition_version": "",
            "delegated_managed_identity_resource_id": "",
            "description": "",
            "id": "/subscriptions/dcef7009-6b94-4382-afdc-17eb160d709a/resourceGroups/rg-lzaks-spoke-aks-airbus-dev/providers/Microsoft.Authorization/roleAssignments/db0bba33-a03a-711a-c2b7-4a2ecde091db",
            "name": "db0bba33-a03a-711a-c2b7-4a2ecde091db",
            "principal_id": "922897db-6d4e-48ce-b246-bb403be5134c",
            "principal_type": "ServicePrincipal",
            "role_definition_id": "/subscriptions/dcef7009-6b94-4382-afdc-17eb160d709a/providers/Microsoft.Authorization/roleDefinitions/b24988ac-6180-42a0-ab88-20f7382dd24c",
            "role_definition_name": "Contributor",
            "scope": "/subscriptions/dcef7009-6b94-4382-afdc-17eb160d709a/resourceGroups/rg-lzaks-spoke-aks-airbus-dev",
            "skip_service_principal_aad_check": true,
            "timeouts": null
          },
          "sensitive_attributes": [],
          "private": "eyJlMmJmYjczMC1lY2FhLTExZTYtOGY4OC0zNDM2M2JjN2M0YzAiOnsiY3JlYXRlIjoxODAwMDAwMDAwMDAwLCJkZWxldGUiOjE4MDAwMDAwMDAwMDAsInJlYWQiOjMwMDAwMDAwMDAwMH19",
          "dependencies": [
            "azurerm_resource_group.rg",
            "module.aks.azurerm_user_assigned_identity.identity-aks"
          ]
        }
      ]
    },
    {
      "module": "module.aks",
      "mode": "managed",
      "type": "azurerm_role_assignment",
      "name": "managed-identity-operator",
      "provider": "provider[\"registry.terraform.io/hashicorp/azurerm\"]",
      "instances": [
        {
          "schema_version": 0,
          "attributes": {
            "condition": "",
            "condition_version": "",
            "delegated_managed_identity_resource_id": "",
            "description": "",
            "id": "/subscriptions/dcef7009-6b94-4382-afdc-17eb160d709a/resourceGroups/rg-lzaks-spoke-aks-airbus-dev/providers/Microsoft.ManagedIdentity/userAssignedIdentities/identity-kubelet/providers/Microsoft.Authorization/roleAssignments/2d6981df-093d-7ae3-287a-6af279b7bf71",
            "name": "2d6981df-093d-7ae3-287a-6af279b7bf71",
            "principal_id": "922897db-6d4e-48ce-b246-bb403be5134c",
            "principal_type": "ServicePrincipal",
            "role_definition_id": "/subscriptions/dcef7009-6b94-4382-afdc-17eb160d709a/providers/Microsoft.Authorization/roleDefinitions/f1a07417-d97a-45cb-824c-7a7467783830",
            "role_definition_name": "Managed Identity Operator",
            "scope": "/subscriptions/dcef7009-6b94-4382-afdc-17eb160d709a/resourceGroups/rg-lzaks-spoke-aks-airbus-dev/providers/Microsoft.ManagedIdentity/userAssignedIdentities/identity-kubelet",
            "skip_service_principal_aad_check": true,
            "timeouts": null
          },
          "sensitive_attributes": [],
          "private": "eyJlMmJmYjczMC1lY2FhLTExZTYtOGY4OC0zNDM2M2JjN2M0YzAiOnsiY3JlYXRlIjoxODAwMDAwMDAwMDAwLCJkZWxldGUiOjE4MDAwMDAwMDAwMDAsInJlYWQiOjMwMDAwMDAwMDAwMH19",
          "dependencies": [
            "azurerm_resource_group.rg",
            "module.aks.azurerm_user_assigned_identity.identity-aks",
            "module.aks.azurerm_user_assigned_identity.identity-kubelet"
          ]
        }
      ]
    },
    {
      "module": "module.aks",
      "mode": "managed",
      "type": "azurerm_role_assignment",
      "name": "network-contributor",
      "provider": "provider[\"registry.terraform.io/hashicorp/azurerm\"]",
      "instances": [
        {
          "schema_version": 0,
          "attributes": {
            "condition": "",
            "condition_version": "",
            "delegated_managed_identity_resource_id": "",
            "description": "",
            "id": "/subscriptions/dcef7009-6b94-4382-afdc-17eb160d709a/resourceGroups/rg-lzaks-spoke-aks-infra/providers/Microsoft.Network/virtualNetworks/vnet-spoke-aks/providers/Microsoft.Authorization/roleAssignments/f8c9d2aa-8f54-acef-ed80-5a29b85b1fdc",
            "name": "f8c9d2aa-8f54-acef-ed80-5a29b85b1fdc",
            "principal_id": "922897db-6d4e-48ce-b246-bb403be5134c",
            "principal_type": "ServicePrincipal",
            "role_definition_id": "/subscriptions/dcef7009-6b94-4382-afdc-17eb160d709a/providers/Microsoft.Authorization/roleDefinitions/4d97b98b-1d4f-4787-a291-c67834d212e7",
            "role_definition_name": "Network Contributor",
            "scope": "/subscriptions/dcef7009-6b94-4382-afdc-17eb160d709a/resourceGroups/rg-lzaks-spoke-aks-infra/providers/Microsoft.Network/virtualNetworks/vnet-spoke-aks",
            "skip_service_principal_aad_check": true,
            "timeouts": null
          },
          "sensitive_attributes": [],
          "private": "eyJlMmJmYjczMC1lY2FhLTExZTYtOGY4OC0zNDM2M2JjN2M0YzAiOnsiY3JlYXRlIjoxODAwMDAwMDAwMDAwLCJkZWxldGUiOjE4MDAwMDAwMDAwMDAsInJlYWQiOjMwMDAwMDAwMDAwMH19",
          "dependencies": [
            "azurerm_resource_group.rg",
            "module.aks.azurerm_user_assigned_identity.identity-aks"
          ]
        }
      ]
    },
    {
      "module": "module.aks",
      "mode": "managed",
      "type": "azurerm_role_assignment",
      "name": "private-dns-zone-contributor",
      "provider": "provider[\"registry.terraform.io/hashicorp/azurerm\"]",
      "instances": [
        {
          "schema_version": 0,
          "attributes": {
            "condition": "",
            "condition_version": "",
            "delegated_managed_identity_resource_id": "",
            "description": "",
            "id": "/subscriptions/dcef7009-6b94-4382-afdc-17eb160d709a/resourceGroups/rg-lzaks-hub/providers/Microsoft.Network/privateDnsZones/privatelink.swedencentral.azmk8s.io/providers/Microsoft.Authorization/roleAssignments/7393a5bb-be49-8db6-5a96-81f6f12e9640",
            "name": "7393a5bb-be49-8db6-5a96-81f6f12e9640",
            "principal_id": "922897db-6d4e-48ce-b246-bb403be5134c",
            "principal_type": "ServicePrincipal",
            "role_definition_id": "/subscriptions/dcef7009-6b94-4382-afdc-17eb160d709a/providers/Microsoft.Authorization/roleDefinitions/b12aa53e-6015-4669-85d0-8515ebb3ae7f",
            "role_definition_name": "Private DNS Zone Contributor",
            "scope": "/subscriptions/dcef7009-6b94-4382-afdc-17eb160d709a/resourceGroups/rg-lzaks-hub/providers/Microsoft.Network/privateDnsZones/privatelink.swedencentral.azmk8s.io",
            "skip_service_principal_aad_check": true,
            "timeouts": null
          },
          "sensitive_attributes": [],
          "private": "eyJlMmJmYjczMC1lY2FhLTExZTYtOGY4OC0zNDM2M2JjN2M0YzAiOnsiY3JlYXRlIjoxODAwMDAwMDAwMDAwLCJkZWxldGUiOjE4MDAwMDAwMDAwMDAsInJlYWQiOjMwMDAwMDAwMDAwMH19",
          "dependencies": [
            "azurerm_resource_group.rg",
            "module.aks.azurerm_user_assigned_identity.identity-aks"
          ]
        }
      ]
    },
    {
      "module": "module.aks",
      "mode": "managed",
      "type": "azurerm_user_assigned_identity",
      "name": "identity-aks",
      "provider": "provider[\"registry.terraform.io/hashicorp/azurerm\"]",
      "instances": [
        {
          "schema_version": 1,
          "attributes": {
            "client_id": "53f82193-5e9e-4bb5-8696-83812f9af076",
            "id": "/subscriptions/dcef7009-6b94-4382-afdc-17eb160d709a/resourceGroups/rg-lzaks-spoke-aks-airbus-dev/providers/Microsoft.ManagedIdentity/userAssignedIdentities/identity-aks",
            "location": "swedencentral",
            "name": "identity-aks",
            "principal_id": "922897db-6d4e-48ce-b246-bb403be5134c",
            "resource_group_name": "rg-lzaks-spoke-aks-airbus-dev",
            "tags": {
              "architecture": "Hub\u0026Spoke",
              "environment": "development",
              "source": "terraform"
            },
            "tenant_id": "93139d1e-a3c1-4d78-9ed5-878be090eba4",
            "timeouts": null
          },
          "sensitive_attributes": [],
          "private": "eyJlMmJmYjczMC1lY2FhLTExZTYtOGY4OC0zNDM2M2JjN2M0YzAiOnsiY3JlYXRlIjoxODAwMDAwMDAwMDAwLCJkZWxldGUiOjE4MDAwMDAwMDAwMDAsInJlYWQiOjMwMDAwMDAwMDAwMCwidXBkYXRlIjoxODAwMDAwMDAwMDAwfSwic2NoZW1hX3ZlcnNpb24iOiIxIn0=",
          "dependencies": [
            "azurerm_resource_group.rg"
          ]
        }
      ]
    },
    {
      "module": "module.aks",
      "mode": "managed",
      "type": "azurerm_user_assigned_identity",
      "name": "identity-kubelet",
      "provider": "provider[\"registry.terraform.io/hashicorp/azurerm\"]",
      "instances": [
        {
          "schema_version": 1,
          "attributes": {
            "client_id": "d774eb67-6acb-4c26-98a9-01b70174a070",
            "id": "/subscriptions/dcef7009-6b94-4382-afdc-17eb160d709a/resourceGroups/rg-lzaks-spoke-aks-airbus-dev/providers/Microsoft.ManagedIdentity/userAssignedIdentities/identity-kubelet",
            "location": "swedencentral",
            "name": "identity-kubelet",
            "principal_id": "3c2e99f3-231b-4f5a-9372-76dca4584e0a",
            "resource_group_name": "rg-lzaks-spoke-aks-airbus-dev",
            "tags": {
              "architecture": "Hub\u0026Spoke",
              "environment": "development",
              "source": "terraform"
            },
            "tenant_id": "93139d1e-a3c1-4d78-9ed5-878be090eba4",
            "timeouts": null
          },
          "sensitive_attributes": [],
          "private": "eyJlMmJmYjczMC1lY2FhLTExZTYtOGY4OC0zNDM2M2JjN2M0YzAiOnsiY3JlYXRlIjoxODAwMDAwMDAwMDAwLCJkZWxldGUiOjE4MDAwMDAwMDAwMDAsInJlYWQiOjMwMDAwMDAwMDAwMCwidXBkYXRlIjoxODAwMDAwMDAwMDAwfSwic2NoZW1hX3ZlcnNpb24iOiIxIn0=",
          "dependencies": [
            "azurerm_resource_group.rg"
          ]
        }
      ]
    },
    {
      "module": "module.aks",
      "mode": "managed",
      "type": "terraform_data",
      "name": "aks-get-credentials",
      "provider": "provider[\"terraform.io/builtin/terraform\"]",
      "instances": [
        {
          "schema_version": 0,
          "attributes": {
            "id": "85e133fb-865a-d0af-ad0e-15a24357c56e",
            "input": null,
            "output": null,
            "triggers_replace": {
              "value": [
                "/subscriptions/dcef7009-6b94-4382-afdc-17eb160d709a/resourceGroups/rg-lzaks-spoke-aks-airbus-dev/providers/Microsoft.ContainerService/managedClusters/aks-cluster"
              ],
              "type": [
                "tuple",
                [
                  "string"
                ]
              ]
            }
          },
          "sensitive_attributes": [],
          "dependencies": [
            "azurerm_resource_group.rg",
            "data.azurerm_client_config.current",
            "module.aks.azurerm_kubernetes_cluster.aks",
            "module.aks.azurerm_role_assignment.contributor",
            "module.aks.azurerm_role_assignment.managed-identity-operator",
            "module.aks.azurerm_role_assignment.network-contributor",
            "module.aks.azurerm_role_assignment.private-dns-zone-contributor",
            "module.aks.azurerm_user_assigned_identity.identity-aks",
            "module.aks.azurerm_user_assigned_identity.identity-kubelet"
          ]
        }
      ]
    }
  ],
  "check_results": null
}
