{
  "version": 4,
  "terraform_version": "1.10.4",
  "serial": 24,
  "lineage": "b9630e0b-1152-d9ab-78e4-9d258ac48d48",
  "outputs": {},
  "resources": [
    {
      "mode": "data",
      "type": "azurerm_client_config",
      "name": "current",
      "provider": "provider[\"registry.terraform.io/hashicorp/azurerm\"]",
      "instances": [
        {
          "schema_version": 0,
          "attributes": {
            "client_id": "04b07795-8ddb-461a-bbee-02f9e1bf7b46",
            "id": "Y2xpZW50Q29uZmlncy9jbGllbnRJZD0wNGIwNzc5NS04ZGRiLTQ2MWEtYmJlZS0wMmY5ZTFiZjdiNDY7b2JqZWN0SWQ9ODE3M2M0NWQtMDM1ZS00NjkyLThmNDAtNTQwY2Q1ZmMwZjE4O3N1YnNjcmlwdGlvbklkPWRjZWY3MDA5LTZiOTQtNDM4Mi1hZmRjLTE3ZWIxNjBkNzA5YTt0ZW5hbnRJZD05MzEzOWQxZS1hM2MxLTRkNzgtOWVkNS04NzhiZTA5MGViYTQ=",
            "object_id": "8173c45d-035e-4692-8f40-540cd5fc0f18",
            "subscription_id": "dcef7009-6b94-4382-afdc-17eb160d709a",
            "tenant_id": "93139d1e-a3c1-4d78-9ed5-878be090eba4",
            "timeouts": null
          },
          "sensitive_attributes": []
        }
      ]
    },
    {
      "mode": "data",
      "type": "terraform_remote_state",
      "name": "hub",
      "provider": "provider[\"terraform.io/builtin/terraform\"]",
      "instances": [
        {
          "schema_version": 0,
          "attributes": {
            "backend": "local",
            "config": {
              "value": {
                "path": "../02_hub/terraform.tfstate"
              },
              "type": [
                "object",
                {
                  "path": "string"
                }
              ]
            },
            "defaults": null,
            "outputs": {
              "value": {
                "dns_zone_aks": {
                  "id": "/subscriptions/dcef7009-6b94-4382-afdc-17eb160d709a/resourceGroups/rg-lzaks-hub/providers/Microsoft.Network/privateDnsZones/privatelink.swedencentral.azmk8s.io"
                },
                "dns_zone_apps": {
                  "name": "apps.houssem17.com",
                  "resource_group_name": "rg-lzaks-hub"
                },
                "firewall": {
                  "enabled": true,
                  "policy_id": "/subscriptions/dcef7009-6b94-4382-afdc-17eb160d709a/resourceGroups/rg-lzaks-hub/providers/Microsoft.Network/firewallPolicies/firewall-policy",
                  "private_ip": "172.16.0.4"
                },
                "vnet_hub": {
                  "id": "/subscriptions/dcef7009-6b94-4382-afdc-17eb160d709a/resourceGroups/rg-lzaks-hub/providers/Microsoft.Network/virtualNetworks/vnet-hub"
                }
              },
              "type": [
                "object",
                {
                  "dns_zone_aks": [
                    "object",
                    {
                      "id": "string"
                    }
                  ],
                  "dns_zone_apps": [
                    "object",
                    {
                      "name": "string",
                      "resource_group_name": "string"
                    }
                  ],
                  "firewall": [
                    "object",
                    {
                      "enabled": "bool",
                      "policy_id": "string",
                      "private_ip": "string"
                    }
                  ],
                  "vnet_hub": [
                    "object",
                    {
                      "id": "string"
                    }
                  ]
                }
              ]
            },
            "workspace": null
          },
          "sensitive_attributes": []
        }
      ]
    },
    {
      "mode": "data",
      "type": "terraform_remote_state",
      "name": "management",
      "provider": "provider[\"terraform.io/builtin/terraform\"]",
      "instances": [
        {
          "schema_version": 0,
          "attributes": {
            "backend": "local",
            "config": {
              "value": {
                "path": "../01_management/terraform.tfstate"
              },
              "type": [
                "object",
                {
                  "path": "string"
                }
              ]
            },
            "defaults": null,
            "outputs": {
              "value": {
                "log_analytics_workspace": {
                  "id": "/subscriptions/dcef7009-6b94-4382-afdc-17eb160d709a/resourceGroups/rg-lzaks-management/providers/Microsoft.OperationalInsights/workspaces/loganalyticsforaks011",
                  "location": "swedencentral",
                  "workspace_id": "536cdf18-5dc0-44a9-872a-988147b34ec1"
                }
              },
              "type": [
                "object",
                {
                  "log_analytics_workspace": [
                    "object",
                    {
                      "id": "string",
                      "location": "string",
                      "workspace_id": "string"
                    }
                  ]
                }
              ]
            },
            "workspace": null
          },
          "sensitive_attributes": []
        }
      ]
    },
    {
      "mode": "data",
      "type": "terraform_remote_state",
      "name": "spoke_aks",
      "provider": "provider[\"terraform.io/builtin/terraform\"]",
      "instances": [
        {
          "schema_version": 0,
          "attributes": {
            "backend": "local",
            "config": {
              "value": {
                "path": "../03_spoke_aks_infra/terraform.tfstate"
              },
              "type": [
                "object",
                {
                  "path": "string"
                }
              ]
            },
            "defaults": null,
            "outputs": {
              "value": {
                "acr": {
                  "id": "/subscriptions/dcef7009-6b94-4382-afdc-17eb160d709a/resourceGroups/rg-lzaks-spoke-aks-infra/providers/Microsoft.ContainerRegistry/registries/acrforakstf01357"
                },
                "application_gateway": {
                  "enabled": false,
                  "id": null
                },
                "dns_zone_apps": {
                  "fqdn": null
                },
                "grafana": {
                  "dns_url": "grafana-123579-ccb6adhtbdbzf9g0.cse.grafana.azure.com",
                  "endpoint": "https://grafana-123579-ccb6adhtbdbzf9g0.cse.grafana.azure.com",
                  "id": "/subscriptions/dcef7009-6b94-4382-afdc-17eb160d709a/resourceGroups/rg-lzaks-spoke-aks-infra/providers/Microsoft.Dashboard/grafana/grafana-123579"
                },
                "prometheus": {
                  "data_collection_endpoint_id": "/subscriptions/dcef7009-6b94-4382-afdc-17eb160d709a/resourceGroups/rg-lzaks-spoke-aks-infra/providers/Microsoft.Insights/dataCollectionEndpoints/prometheus-data-collection-endpoint",
                  "data_collection_rule_id": "/subscriptions/dcef7009-6b94-4382-afdc-17eb160d709a/resourceGroups/rg-lzaks-spoke-aks-infra/providers/Microsoft.Insights/dataCollectionRules/prometheus-data-collection-rule",
                  "id": "/subscriptions/dcef7009-6b94-4382-afdc-17eb160d709a/resourceGroups/rg-lzaks-spoke-aks-infra/providers/Microsoft.Monitor/accounts/monitor-workspace-prometheus"
                },
                "route_table": {
                  "id": "/subscriptions/dcef7009-6b94-4382-afdc-17eb160d709a/resourceGroups/rg-lzaks-spoke-aks-infra/providers/Microsoft.Network/routeTables/route-table-to-firewall"
                },
                "snet_aks": {
                  "id": "/subscriptions/dcef7009-6b94-4382-afdc-17eb160d709a/resourceGroups/rg-lzaks-spoke-aks-infra/providers/Microsoft.Network/virtualNetworks/vnet-spoke-aks/subnets/snet-aks"
                },
                "vnet_spoke_aks": {
                  "address_space": [
                    "10.1.0.0/16"
                  ],
                  "id": "/subscriptions/dcef7009-6b94-4382-afdc-17eb160d709a/resourceGroups/rg-lzaks-spoke-aks-infra/providers/Microsoft.Network/virtualNetworks/vnet-spoke-aks",
                  "resource_group_name": "rg-lzaks-spoke-aks-infra",
                  "virtual_network_name": "vnet-spoke-aks"
                }
              },
              "type": [
                "object",
                {
                  "acr": [
                    "object",
                    {
                      "id": "string"
                    }
                  ],
                  "application_gateway": [
                    "object",
                    {
                      "enabled": "bool",
                      "id": "dynamic"
                    }
                  ],
                  "dns_zone_apps": [
                    "object",
                    {
                      "fqdn": "dynamic"
                    }
                  ],
                  "grafana": [
                    "object",
                    {
                      "dns_url": "string",
                      "endpoint": "string",
                      "id": "string"
                    }
                  ],
                  "prometheus": [
                    "object",
                    {
                      "data_collection_endpoint_id": "string",
                      "data_collection_rule_id": "string",
                      "id": "string"
                    }
                  ],
                  "route_table": [
                    "object",
                    {
                      "id": "string"
                    }
                  ],
                  "snet_aks": [
                    "object",
                    {
                      "id": "string"
                    }
                  ],
                  "vnet_spoke_aks": [
                    "object",
                    {
                      "address_space": [
                        "set",
                        "string"
                      ],
                      "id": "string",
                      "resource_group_name": "string",
                      "virtual_network_name": "string"
                    }
                  ]
                }
              ]
            },
            "workspace": null
          },
          "sensitive_attributes": []
        }
      ]
    },
    {
      "mode": "managed",
      "type": "azuread_group",
      "name": "aks_admins",
      "provider": "provider[\"registry.terraform.io/hashicorp/azuread\"]",
      "instances": [
        {
          "schema_version": 1,
          "attributes": {
            "administrative_unit_ids": null,
            "assignable_to_role": false,
            "auto_subscribe_new_members": false,
            "behaviors": null,
            "description": "",
            "display_name": "aks-admins",
            "dynamic_membership": [],
            "external_senders_allowed": false,
            "hide_from_address_lists": false,
            "hide_from_outlook_clients": false,
            "id": "/groups/54cc1166-3d80-415f-aa75-94c6e36d450e",
            "mail": "",
            "mail_enabled": false,
            "mail_nickname": "d24c65a8-e",
            "members": [
              "8173c45d-035e-4692-8f40-540cd5fc0f18"
            ],
            "object_id": "54cc1166-3d80-415f-aa75-94c6e36d450e",
            "onpremises_domain_name": "",
            "onpremises_group_type": "",
            "onpremises_netbios_name": "",
            "onpremises_sam_account_name": "",
            "onpremises_security_identifier": "",
            "onpremises_sync_enabled": false,
            "owners": [
              "8173c45d-035e-4692-8f40-540cd5fc0f18"
            ],
            "preferred_language": "",
            "prevent_duplicate_names": false,
            "provisioning_options": null,
            "proxy_addresses": [],
            "security_enabled": true,
            "theme": "",
            "timeouts": null,
            "types": null,
            "visibility": "",
            "writeback_enabled": false
          },
          "sensitive_attributes": [],
          "private": "eyJlMmJmYjczMC1lY2FhLTExZTYtOGY4OC0zNDM2M2JjN2M0YzAiOnsiY3JlYXRlIjoxMjAwMDAwMDAwMDAwLCJkZWxldGUiOjMwMDAwMDAwMDAwMCwicmVhZCI6MzAwMDAwMDAwMDAwLCJ1cGRhdGUiOjEyMDAwMDAwMDAwMDB9LCJzY2hlbWFfdmVyc2lvbiI6IjEifQ==",
          "dependencies": [
            "data.azurerm_client_config.current"
          ]
        }
      ]
    },
    {
      "mode": "managed",
      "type": "azurerm_resource_group",
      "name": "rg-dev",
      "provider": "provider[\"registry.terraform.io/hashicorp/azurerm\"]",
      "instances": [
        {
          "schema_version": 0,
          "attributes": {
            "id": "/subscriptions/dcef7009-6b94-4382-afdc-17eb160d709a/resourceGroups/rg-lzaks-spoke-aks-airbus-dev",
            "location": "swedencentral",
            "managed_by": "",
            "name": "rg-lzaks-spoke-aks-airbus-dev",
            "tags": null,
            "timeouts": null
          },
          "sensitive_attributes": [],
          "private": "eyJlMmJmYjczMC1lY2FhLTExZTYtOGY4OC0zNDM2M2JjN2M0YzAiOnsiY3JlYXRlIjo1NDAwMDAwMDAwMDAwLCJkZWxldGUiOjU0MDAwMDAwMDAwMDAsInJlYWQiOjMwMDAwMDAwMDAwMCwidXBkYXRlIjo1NDAwMDAwMDAwMDAwfX0="
        }
      ]
    },
    {
      "mode": "managed",
      "type": "azurerm_resource_group",
      "name": "rg-prod",
      "provider": "provider[\"registry.terraform.io/hashicorp/azurerm\"]",
      "instances": [
        {
          "schema_version": 0,
          "attributes": {
            "id": "/subscriptions/dcef7009-6b94-4382-afdc-17eb160d709a/resourceGroups/rg-lzaks-spoke-aks-airbus-prod",
            "location": "swedencentral",
            "managed_by": "",
            "name": "rg-lzaks-spoke-aks-airbus-prod",
            "tags": null,
            "timeouts": null
          },
          "sensitive_attributes": [],
          "private": "eyJlMmJmYjczMC1lY2FhLTExZTYtOGY4OC0zNDM2M2JjN2M0YzAiOnsiY3JlYXRlIjo1NDAwMDAwMDAwMDAwLCJkZWxldGUiOjU0MDAwMDAwMDAwMDAsInJlYWQiOjMwMDAwMDAwMDAwMCwidXBkYXRlIjo1NDAwMDAwMDAwMDAwfX0="
        }
      ]
    },
    {
      "module": "module.aks-dev",
      "mode": "managed",
      "type": "azurerm_kubernetes_cluster",
      "name": "aks",
      "provider": "provider[\"registry.terraform.io/hashicorp/azurerm\"]",
      "instances": [
        {
          "schema_version": 2,
          "attributes": {
            "aci_connector_linux": [],
            "api_server_access_profile": [],
            "auto_scaler_profile": [
              {
                "balance_similar_node_groups": false,
                "daemonset_eviction_for_empty_nodes_enabled": false,
                "daemonset_eviction_for_occupied_nodes_enabled": true,
                "empty_bulk_delete_max": "10",
                "expander": "random",
                "ignore_daemonsets_utilization_enabled": false,
                "max_graceful_termination_sec": "600",
                "max_node_provisioning_time": "15m",
                "max_unready_nodes": 3,
                "max_unready_percentage": 45,
                "new_pod_scale_up_delay": "10s",
                "scale_down_delay_after_add": "10m",
                "scale_down_delay_after_delete": "10s",
                "scale_down_delay_after_failure": "3m",
                "scale_down_unneeded": "10m",
                "scale_down_unready": "20m",
                "scale_down_utilization_threshold": "0.5",
                "scan_interval": "10s",
                "skip_nodes_with_local_storage": true,
                "skip_nodes_with_system_pods": true
              }
            ],
            "automatic_upgrade_channel": "node-image",
            "azure_active_directory_role_based_access_control": [
              {
                "admin_group_object_ids": null,
                "azure_rbac_enabled": true,
                "tenant_id": "93139d1e-a3c1-4d78-9ed5-878be090eba4"
              }
            ],
            "azure_policy_enabled": true,
            "confidential_computing": [
              {
                "sgx_quote_helper_enabled": false
              }
            ],
            "cost_analysis_enabled": false,
            "current_kubernetes_version": "1.31.3",
            "default_node_pool": [
              {
                "auto_scaling_enabled": true,
                "capacity_reservation_group_id": "",
                "fips_enabled": false,
                "gpu_instance": "",
                "host_encryption_enabled": false,
                "host_group_id": "",
                "kubelet_config": [],
                "kubelet_disk_type": "OS",
                "linux_os_config": [],
                "max_count": 3,
                "max_pods": 110,
                "min_count": 1,
                "name": "systemnp",
                "node_count": 3,
                "node_labels": {},
                "node_network_profile": [],
                "node_public_ip_enabled": false,
                "node_public_ip_prefix_id": "",
                "only_critical_addons_enabled": true,
                "orchestrator_version": "1.31.3",
                "os_disk_size_gb": 128,
                "os_disk_type": "Managed",
                "os_sku": "Ubuntu",
                "pod_subnet_id": "",
                "proximity_placement_group_id": "",
                "scale_down_mode": "Deallocate",
                "snapshot_id": "",
                "tags": {
                  "architecture": "Hub\u0026Spoke",
                  "environment": "development",
                  "source": "terraform"
                },
                "temporary_name_for_rotation": "sysnptmp",
                "type": "VirtualMachineScaleSets",
                "ultra_ssd_enabled": false,
                "upgrade_settings": [
                  {
                    "drain_timeout_in_minutes": 0,
                    "max_surge": "10%",
                    "node_soak_duration_in_minutes": 0
                  }
                ],
                "vm_size": "Standard_D2s_v5",
                "vnet_subnet_id": "/subscriptions/dcef7009-6b94-4382-afdc-17eb160d709a/resourceGroups/rg-lzaks-spoke-aks-infra/providers/Microsoft.Network/virtualNetworks/vnet-spoke-aks/subnets/snet-aks",
                "workload_runtime": "OCIContainer",
                "zones": [
                  "1",
                  "2",
                  "3"
                ]
              }
            ],
            "disk_encryption_set_id": "",
            "dns_prefix": "aks",
            "dns_prefix_private_cluster": "",
            "edge_zone": "",
            "fqdn": "",
            "http_application_routing_enabled": false,
            "http_application_routing_zone_name": "",
            "http_proxy_config": [],
            "id": "/subscriptions/dcef7009-6b94-4382-afdc-17eb160d709a/resourceGroups/rg-lzaks-spoke-aks-airbus-dev/providers/Microsoft.ContainerService/managedClusters/aks-cluster",
            "identity": [
              {
                "identity_ids": [
                  "/subscriptions/dcef7009-6b94-4382-afdc-17eb160d709a/resourceGroups/rg-lzaks-spoke-aks-airbus-dev/providers/Microsoft.ManagedIdentity/userAssignedIdentities/identity-aks"
                ],
                "principal_id": "",
                "tenant_id": "",
                "type": "UserAssigned"
              }
            ],
            "image_cleaner_enabled": true,
            "image_cleaner_interval_hours": 24,
            "ingress_application_gateway": [],
            "key_management_service": [],
            "key_vault_secrets_provider": [
              {
                "secret_identity": [
                  {
                    "client_id": "99866041-24e9-442b-b63c-05e6b13d500b",
                    "object_id": "04e3326f-688f-423d-a1e8-5750a2bc9a28",
                    "user_assigned_identity_id": "/subscriptions/dcef7009-6b94-4382-afdc-17eb160d709a/resourcegroups/rg-lzaks-spoke-aks-airbus-dev-nodes/providers/Microsoft.ManagedIdentity/userAssignedIdentities/azurekeyvaultsecretsprovider-aks-cluster"
                  }
                ],
                "secret_rotation_enabled": true,
                "secret_rotation_interval": "2m"
              }
            ],
            "kube_admin_config": [],
            "kube_admin_config_raw": "",
            "kube_config": [
              {
                "client_certificate": "",
                "client_key": "",
                "cluster_ca_certificate": "LS0tLS1CRUdJTiBDRVJUSUZJQ0FURS0tLS0tCk1JSUU2RENDQXRDZ0F3SUJBZ0lRVmRxQUtZOXNrdUR1cXQzTS96RjZ2VEFOQmdrcWhraUc5dzBCQVFzRkFEQU4KTVFzd0NRWURWUVFERXdKallUQWdGdzB5TlRBeE1qRXhOalU1TURKYUdBOHlNRFUxTURFeU1URTNNRGt3TWxvdwpEVEVMTUFrR0ExVUVBeE1DWTJFd2dnSWlNQTBHQ1NxR1NJYjNEUUVCQVFVQUE0SUNEd0F3Z2dJS0FvSUNBUURKCjY5emVhc0tvbzQxTXg0bkhJdmt6a1lwbU1UZ2ZOVCs5dTlEN28xcmFDOGYrZitOSUtjNWZmRE5DR3orN1ZQK3kKWnNTS05sQWFlb0tBaWNwS1NRbFhUYW8rSWNKbDhYVHNTVmNPbDFJWUpLdU43SnJaUGowNG1ISCtwTTU2ODFKOQp5Q3o5M053Q21SL2M1Z0graVlyUFhHSWY5VGIweGZzT09jaDdzTlZyTEl1azdGTEV6NVBIZ1dTRVVvOTVYTG5sCjV1RkdpVFR4YUdveWp2MHZtWGZ4d1ZtVUVJUG5ZZmJqUXB6Y2J2S2J2dHZleG9lamprb0lwT3FzNWtXZms0cFEKa3hYdzJvVnhqeEc4MVdXekRDM0hMOWpJcnQ2WkZqbmlSOC9HWTRPM3RsaGJ6Q3hYYmVEYWJObm9EZGRTcVJsbQpVS1hMMVFWVkkzZ2YyL0dwYi8wNlJENVVIMTBrWHMwQkZiU2IzOWZlbjhrNUpodGFXSGVzVkZGdGZUUVJhK2ovCkxyNU9GazFjc0hob0RFZmFHZ1FvZUVhL0srS2JUU091RHNTbm5HbFNJNi9FLzcvVEZLTzV1aVZlSHVsUnluc2QKcVJ2K2NYclJBb3hsWGVCQnlJSTdVTzhPTjE1UGZnbWdCM0RiYjZIVzRJUjZEZDRCL1ZKNit6RGYwcWR5M0FzTQpKR2FRMCtpek1keUNjeTFQU2xaUXE0N2pMZE1CMWlYVkhWSHEzWlBjaEsyOU5zZGJESTNYbWxPU215d3lxdVBzCld2NEptRzN0U01vajllaXd3ZGppbE1mTm5rQUpRQ2krTWszMFRjMzlnY2x4ZFJIOS8wdjNuQkZoUkQ0M2RRMjQKOXJkN3llRmRsYTZrS0kxUU1lUnR1TEtYS2t4M2RtcHJHUWtUSTFqaXh3SURBUUFCbzBJd1FEQU9CZ05WSFE4QgpBZjhFQkFNQ0FxUXdEd1lEVlIwVEFRSC9CQVV3QXdFQi96QWRCZ05WSFE0RUZnUVVNeTBkcGVjeWh6OEtod3FiCjJHd2ZkWk96b3pBd0RRWUpLb1pJaHZjTkFRRUxCUUFEZ2dJQkFCdFJhWk9QSnYrblo2OHE1WVcrSm9CeHpSdXEKdG1RcFp3blloMUpiRm41ZXlIQ1pyU1BlZEl5UzR1SjdhYWRwTnN5OFdjcDg2Y2oxZitOc2EyRHlVbGFaMGZsaApqRDBpVU1OZTh2blhWN1Y2d0drSkFyQUFmQm9uczBmeGxIVTZ4d29sd3hQWjhvM0IwcGNYU3FLandUNW05cWROCll5Z0gxUUJnMFFYNW9vSG5TUDVQWWJ0NlA5SXlJRWRWZFlhNmxtM1daWXFFa29YdG50MGlKUkw0cHVrVGhndlkKeXlNRWJZb0Vsbko3REVUYk15eURrQVZsYndhUjJ5M1FIU1VJNmhzY0RseUNWQ2x2R1F6OVZhaVhiSCtqWWpZUQpndm1CM3RIeTJxM1ZMWWxNeWNRZjRtYkp3NzFXRHVOYmJINnltRURwQ1JWT1dacnRhZmZuek5LS0IxWnNrZFBaCm1lRTRncjhZcE5Ba2FRbVZJdHo0djRYK05MOVN5K3gwa2lsaFkvWWk5Mndiam1sM2xtdStaMjNEWGx4K2g5WUYKKzBPd1hiV04xbWVudmdNTXdyT0Q2NUpCL2Z4eU1wRlpaVzU1dGoyaFlKUXNraUVyMVo2amNnSUExU2M5YmJYVApTdzhpS3R2VkFiRHc3a0hnOE9LMGZlYlFOQUxTaDBYNXZpUzJ5bzlZOWNBeTN0dExaMllkZVBQRVN3b2ZWbU84CklNQXBTMUx6RHNMcC9kSEYxdHMzbUlrTXV0d2ZHby9QM2VWSTZDTFFzWk9hNjRNaG1qcXpGRUVGVlozOVlIM0cKTVBjNGh2QVRsd0tUVnJSbVVPN216TUwxRWg3WE4zdWc5a1d3elRBVGNHMVQ3UXplQTdOSmFlMlVZOEFBaEVqawo4djRVWnozYy9scXYyVjhhCi0tLS0tRU5EIENFUlRJRklDQVRFLS0tLS0K",
                "host": "https://aks-r6qt3mxf.privatelink.swedencentral.azmk8s.io:443",
                "password": "",
                "username": "clusterUser_rg-lzaks-spoke-aks-airbus-dev_aks-cluster"
              }
            ],
            "kube_config_raw": "apiVersion: v1\nclusters:\n- cluster:\n    certificate-authority-data: LS0tLS1CRUdJTiBDRVJUSUZJQ0FURS0tLS0tCk1JSUU2RENDQXRDZ0F3SUJBZ0lRVmRxQUtZOXNrdUR1cXQzTS96RjZ2VEFOQmdrcWhraUc5dzBCQVFzRkFEQU4KTVFzd0NRWURWUVFERXdKallUQWdGdzB5TlRBeE1qRXhOalU1TURKYUdBOHlNRFUxTURFeU1URTNNRGt3TWxvdwpEVEVMTUFrR0ExVUVBeE1DWTJFd2dnSWlNQTBHQ1NxR1NJYjNEUUVCQVFVQUE0SUNEd0F3Z2dJS0FvSUNBUURKCjY5emVhc0tvbzQxTXg0bkhJdmt6a1lwbU1UZ2ZOVCs5dTlEN28xcmFDOGYrZitOSUtjNWZmRE5DR3orN1ZQK3kKWnNTS05sQWFlb0tBaWNwS1NRbFhUYW8rSWNKbDhYVHNTVmNPbDFJWUpLdU43SnJaUGowNG1ISCtwTTU2ODFKOQp5Q3o5M053Q21SL2M1Z0graVlyUFhHSWY5VGIweGZzT09jaDdzTlZyTEl1azdGTEV6NVBIZ1dTRVVvOTVYTG5sCjV1RkdpVFR4YUdveWp2MHZtWGZ4d1ZtVUVJUG5ZZmJqUXB6Y2J2S2J2dHZleG9lamprb0lwT3FzNWtXZms0cFEKa3hYdzJvVnhqeEc4MVdXekRDM0hMOWpJcnQ2WkZqbmlSOC9HWTRPM3RsaGJ6Q3hYYmVEYWJObm9EZGRTcVJsbQpVS1hMMVFWVkkzZ2YyL0dwYi8wNlJENVVIMTBrWHMwQkZiU2IzOWZlbjhrNUpodGFXSGVzVkZGdGZUUVJhK2ovCkxyNU9GazFjc0hob0RFZmFHZ1FvZUVhL0srS2JUU091RHNTbm5HbFNJNi9FLzcvVEZLTzV1aVZlSHVsUnluc2QKcVJ2K2NYclJBb3hsWGVCQnlJSTdVTzhPTjE1UGZnbWdCM0RiYjZIVzRJUjZEZDRCL1ZKNit6RGYwcWR5M0FzTQpKR2FRMCtpek1keUNjeTFQU2xaUXE0N2pMZE1CMWlYVkhWSHEzWlBjaEsyOU5zZGJESTNYbWxPU215d3lxdVBzCld2NEptRzN0U01vajllaXd3ZGppbE1mTm5rQUpRQ2krTWszMFRjMzlnY2x4ZFJIOS8wdjNuQkZoUkQ0M2RRMjQKOXJkN3llRmRsYTZrS0kxUU1lUnR1TEtYS2t4M2RtcHJHUWtUSTFqaXh3SURBUUFCbzBJd1FEQU9CZ05WSFE4QgpBZjhFQkFNQ0FxUXdEd1lEVlIwVEFRSC9CQVV3QXdFQi96QWRCZ05WSFE0RUZnUVVNeTBkcGVjeWh6OEtod3FiCjJHd2ZkWk96b3pBd0RRWUpLb1pJaHZjTkFRRUxCUUFEZ2dJQkFCdFJhWk9QSnYrblo2OHE1WVcrSm9CeHpSdXEKdG1RcFp3blloMUpiRm41ZXlIQ1pyU1BlZEl5UzR1SjdhYWRwTnN5OFdjcDg2Y2oxZitOc2EyRHlVbGFaMGZsaApqRDBpVU1OZTh2blhWN1Y2d0drSkFyQUFmQm9uczBmeGxIVTZ4d29sd3hQWjhvM0IwcGNYU3FLandUNW05cWROCll5Z0gxUUJnMFFYNW9vSG5TUDVQWWJ0NlA5SXlJRWRWZFlhNmxtM1daWXFFa29YdG50MGlKUkw0cHVrVGhndlkKeXlNRWJZb0Vsbko3REVUYk15eURrQVZsYndhUjJ5M1FIU1VJNmhzY0RseUNWQ2x2R1F6OVZhaVhiSCtqWWpZUQpndm1CM3RIeTJxM1ZMWWxNeWNRZjRtYkp3NzFXRHVOYmJINnltRURwQ1JWT1dacnRhZmZuek5LS0IxWnNrZFBaCm1lRTRncjhZcE5Ba2FRbVZJdHo0djRYK05MOVN5K3gwa2lsaFkvWWk5Mndiam1sM2xtdStaMjNEWGx4K2g5WUYKKzBPd1hiV04xbWVudmdNTXdyT0Q2NUpCL2Z4eU1wRlpaVzU1dGoyaFlKUXNraUVyMVo2amNnSUExU2M5YmJYVApTdzhpS3R2VkFiRHc3a0hnOE9LMGZlYlFOQUxTaDBYNXZpUzJ5bzlZOWNBeTN0dExaMllkZVBQRVN3b2ZWbU84CklNQXBTMUx6RHNMcC9kSEYxdHMzbUlrTXV0d2ZHby9QM2VWSTZDTFFzWk9hNjRNaG1qcXpGRUVGVlozOVlIM0cKTVBjNGh2QVRsd0tUVnJSbVVPN216TUwxRWg3WE4zdWc5a1d3elRBVGNHMVQ3UXplQTdOSmFlMlVZOEFBaEVqawo4djRVWnozYy9scXYyVjhhCi0tLS0tRU5EIENFUlRJRklDQVRFLS0tLS0K\n    server: https://aks-r6qt3mxf.privatelink.swedencentral.azmk8s.io:443\n  name: aks-cluster\ncontexts:\n- context:\n    cluster: aks-cluster\n    user: clusterUser_rg-lzaks-spoke-aks-airbus-dev_aks-cluster\n  name: aks-cluster\ncurrent-context: aks-cluster\nkind: Config\npreferences: {}\nusers:\n- name: clusterUser_rg-lzaks-spoke-aks-airbus-dev_aks-cluster\n  user:\n    exec:\n      apiVersion: client.authentication.k8s.io/v1beta1\n      args:\n      - get-token\n      - --environment\n      - AzurePublicCloud\n      - --server-id\n      - 6dae42f8-4368-4678-94ff-3960e28e3630\n      - --client-id\n      - 80faf920-1908-4b52-b5ef-a8e7bedfc67a\n      - --tenant-id\n      - 93139d1e-a3c1-4d78-9ed5-878be090eba4\n      - --login\n      - devicecode\n      command: kubelogin\n      env: null\n      installHint: |2\n\n        kubelogin is not installed which is required to connect to AAD enabled cluster.\n\n        To learn more, please go to https://aka.ms/aks/kubelogin\n      provideClusterInfo: false\n",
            "kubelet_identity": [
              {
                "client_id": "6a3257c7-d184-442b-9e62-99494cead3cb",
                "object_id": "ba0ea213-c51f-4275-9f7f-3659d3d811e3",
                "user_assigned_identity_id": "/subscriptions/dcef7009-6b94-4382-afdc-17eb160d709a/resourceGroups/rg-lzaks-spoke-aks-airbus-dev/providers/Microsoft.ManagedIdentity/userAssignedIdentities/identity-kubelet"
              }
            ],
            "kubernetes_version": "1.31.3",
            "linux_profile": [],
            "local_account_disabled": true,
            "location": "swedencentral",
            "maintenance_window": [
              {
                "allowed": [
                  {
                    "day": "Saturday",
                    "hours": [
                      2,
                      8
                    ]
                  }
                ],
                "not_allowed": []
              }
            ],
            "maintenance_window_auto_upgrade": [
              {
                "day_of_month": 0,
                "day_of_week": "Monday",
                "duration": 9,
                "frequency": "Weekly",
                "interval": 1,
                "not_allowed": [
                  {
                    "end": "2025-01-02T00:00:00Z",
                    "start": "2025-01-01T00:00:00Z"
                  }
                ],
                "start_date": "2025-01-01T00:00:00Z",
                "start_time": "02:00",
                "utc_offset": "+01:00",
                "week_index": ""
              }
            ],
            "maintenance_window_node_os": [
              {
                "day_of_month": 0,
                "day_of_week": "Monday",
                "duration": 9,
                "frequency": "Weekly",
                "interval": 1,
                "not_allowed": [
                  {
                    "end": "2025-01-02T00:00:00Z",
                    "start": "2025-01-01T00:00:00Z"
                  }
                ],
                "start_date": "2025-01-01T00:00:00Z",
                "start_time": "02:00",
                "utc_offset": "+01:00",
                "week_index": ""
              }
            ],
            "microsoft_defender": [],
            "monitor_metrics": [
              {
                "annotations_allowed": "",
                "labels_allowed": ""
              }
            ],
            "name": "aks-cluster",
            "network_profile": [
              {
                "dns_service_ip": "10.0.0.10",
                "ip_versions": [
                  "IPv4"
                ],
                "load_balancer_profile": [
                  {
                    "backend_pool_type": "NodeIPConfiguration",
                    "effective_outbound_ips": [],
                    "idle_timeout_in_minutes": 0,
                    "managed_outbound_ip_count": 0,
                    "managed_outbound_ipv6_count": 0,
                    "outbound_ip_address_ids": [],
                    "outbound_ip_prefix_ids": [],
                    "outbound_ports_allocated": 0
                  }
                ],
                "load_balancer_sku": "standard",
                "nat_gateway_profile": [],
                "network_data_plane": "cilium",
                "network_mode": "",
                "network_plugin": "azure",
                "network_plugin_mode": "overlay",
                "network_policy": "cilium",
                "outbound_type": "userDefinedRouting",
                "pod_cidr": "10.10.240.0/20",
                "pod_cidrs": [
                  "10.10.240.0/20"
                ],
                "service_cidr": "10.0.0.0/16",
                "service_cidrs": [
                  "10.0.0.0/16"
                ]
              }
            ],
            "node_os_upgrade_channel": "NodeImage",
            "node_resource_group": "rg-lzaks-spoke-aks-airbus-dev-nodes",
            "node_resource_group_id": "/subscriptions/dcef7009-6b94-4382-afdc-17eb160d709a/resourceGroups/rg-lzaks-spoke-aks-airbus-dev-nodes",
            "oidc_issuer_enabled": true,
            "oidc_issuer_url": "https://swedencentral.oic.prod-aks.azure.com/93139d1e-a3c1-4d78-9ed5-878be090eba4/3740211a-6b51-4c61-93f9-566e7c49dab8/",
            "oms_agent": [
              {
                "log_analytics_workspace_id": "/subscriptions/dcef7009-6b94-4382-afdc-17eb160d709a/resourceGroups/rg-lzaks-management/providers/Microsoft.OperationalInsights/workspaces/loganalyticsforaks011",
                "msi_auth_for_monitoring_enabled": true,
                "oms_agent_identity": []
              }
            ],
            "open_service_mesh_enabled": false,
            "portal_fqdn": "78f02e88557dd5c0527c7ed4d553aa08-priv.portal.hcp.swedencentral.azmk8s.io",
            "private_cluster_enabled": true,
            "private_cluster_public_fqdn_enabled": false,
            "private_dns_zone_id": "/subscriptions/dcef7009-6b94-4382-afdc-17eb160d709a/resourceGroups/rg-lzaks-hub/providers/Microsoft.Network/privateDnsZones/privatelink.swedencentral.azmk8s.io",
            "private_fqdn": "aks-r6qt3mxf.privatelink.swedencentral.azmk8s.io",
            "resource_group_name": "rg-lzaks-spoke-aks-airbus-dev",
            "role_based_access_control_enabled": true,
            "run_command_enabled": false,
            "service_mesh_profile": [],
            "service_principal": [],
            "sku_tier": "Free",
            "storage_profile": [
              {
                "blob_driver_enabled": true,
                "disk_driver_enabled": true,
                "file_driver_enabled": true,
                "snapshot_controller_enabled": true
              }
            ],
            "support_plan": "KubernetesOfficial",
            "tags": {
              "architecture": "Hub\u0026Spoke",
              "environment": "development",
              "source": "terraform"
            },
            "timeouts": null,
            "web_app_routing": [
              {
                "dns_zone_ids": [],
                "web_app_routing_identity": [
                  {
                    "client_id": "e15c91e7-5dec-4cf1-a765-a73b88c8d28d",
                    "object_id": "a7dc688e-57cc-4f53-b4b6-3ceedde9011e",
                    "user_assigned_identity_id": "/subscriptions/dcef7009-6b94-4382-afdc-17eb160d709a/resourcegroups/rg-lzaks-spoke-aks-airbus-dev-nodes/providers/Microsoft.ManagedIdentity/userAssignedIdentities/webapprouting-aks-cluster"
                  }
                ]
              }
            ],
            "windows_profile": [
              {
                "admin_password": "",
                "admin_username": "azureuser",
                "gmsa": [],
                "license": ""
              }
            ],
            "workload_autoscaler_profile": [
              {
                "keda_enabled": true,
                "vertical_pod_autoscaler_enabled": true
              }
            ],
            "workload_identity_enabled": true
          },
          "sensitive_attributes": [
            [
              {
                "type": "get_attr",
                "value": "kube_admin_config_raw"
              }
            ],
            [
              {
                "type": "get_attr",
                "value": "windows_profile"
              },
              {
                "type": "index",
                "value": {
                  "value": 0,
                  "type": "number"
                }
              },
              {
                "type": "get_attr",
                "value": "admin_password"
              }
            ],
            [
              {
                "type": "get_attr",
                "value": "kube_config_raw"
              }
            ],
            [
              {
                "type": "get_attr",
                "value": "kube_admin_config"
              }
            ],
            [
              {
                "type": "get_attr",
                "value": "kube_config"
              }
            ]
          ],
          "private": "eyJlMmJmYjczMC1lY2FhLTExZTYtOGY4OC0zNDM2M2JjN2M0YzAiOnsiY3JlYXRlIjo1NDAwMDAwMDAwMDAwLCJkZWxldGUiOjU0MDAwMDAwMDAwMDAsInJlYWQiOjMwMDAwMDAwMDAwMCwidXBkYXRlIjo1NDAwMDAwMDAwMDAwfSwic2NoZW1hX3ZlcnNpb24iOiIyIn0=",
          "dependencies": [
            "azurerm_resource_group.rg-dev",
            "data.azurerm_client_config.current",
            "data.terraform_remote_state.hub",
            "data.terraform_remote_state.management",
            "data.terraform_remote_state.spoke_aks",
            "module.aks-dev.azurerm_role_assignment.contributor",
            "module.aks-dev.azurerm_role_assignment.managed-identity-operator",
            "module.aks-dev.azurerm_role_assignment.network-contributor",
            "module.aks-dev.azurerm_role_assignment.private-dns-zone-contributor",
            "module.aks-dev.azurerm_user_assigned_identity.identity-aks",
            "module.aks-dev.azurerm_user_assigned_identity.identity-kubelet"
          ]
        }
      ]
    },
    {
      "module": "module.aks-dev",
      "mode": "managed",
      "type": "azurerm_role_assignment",
      "name": "acrpull",
      "provider": "provider[\"registry.terraform.io/hashicorp/azurerm\"]",
      "instances": [
        {
          "schema_version": 0,
          "attributes": {
            "condition": "",
            "condition_version": "",
            "delegated_managed_identity_resource_id": "",
            "description": "",
            "id": "/subscriptions/dcef7009-6b94-4382-afdc-17eb160d709a/resourceGroups/rg-lzaks-spoke-aks-infra/providers/Microsoft.ContainerRegistry/registries/acrforakstf01357/providers/Microsoft.Authorization/roleAssignments/c541ec5d-4917-f5fc-87a8-c4e024ea7698",
            "name": "c541ec5d-4917-f5fc-87a8-c4e024ea7698",
            "principal_id": "ba0ea213-c51f-4275-9f7f-3659d3d811e3",
            "principal_type": "ServicePrincipal",
            "role_definition_id": "/subscriptions/dcef7009-6b94-4382-afdc-17eb160d709a/providers/Microsoft.Authorization/roleDefinitions/7f951dda-4ed3-4680-a7ca-43fe172d538d",
            "role_definition_name": "AcrPull",
            "scope": "/subscriptions/dcef7009-6b94-4382-afdc-17eb160d709a/resourceGroups/rg-lzaks-spoke-aks-infra/providers/Microsoft.ContainerRegistry/registries/acrforakstf01357",
            "skip_service_principal_aad_check": true,
            "timeouts": null
          },
          "sensitive_attributes": [],
          "private": "eyJlMmJmYjczMC1lY2FhLTExZTYtOGY4OC0zNDM2M2JjN2M0YzAiOnsiY3JlYXRlIjoxODAwMDAwMDAwMDAwLCJkZWxldGUiOjE4MDAwMDAwMDAwMDAsInJlYWQiOjMwMDAwMDAwMDAwMH19",
          "dependencies": [
            "azurerm_resource_group.rg-dev",
            "data.terraform_remote_state.spoke_aks",
            "module.aks-dev.azurerm_user_assigned_identity.identity-kubelet"
          ]
        }
      ]
    },
    {
      "module": "module.aks-dev",
      "mode": "managed",
      "type": "azurerm_role_assignment",
      "name": "azure-kubernetes-service-rbac-cluster-admin",
      "provider": "provider[\"registry.terraform.io/hashicorp/azurerm\"]",
      "instances": [
        {
          "schema_version": 0,
          "attributes": {
            "condition": "",
            "condition_version": "",
            "delegated_managed_identity_resource_id": "",
            "description": "",
            "id": "/subscriptions/dcef7009-6b94-4382-afdc-17eb160d709a/resourceGroups/rg-lzaks-spoke-aks-airbus-dev/providers/Microsoft.ContainerService/managedClusters/aks-cluster/providers/Microsoft.Authorization/roleAssignments/7f9af525-de47-eaab-9f5f-7a879df83571",
            "name": "7f9af525-de47-eaab-9f5f-7a879df83571",
            "principal_id": "54cc1166-3d80-415f-aa75-94c6e36d450e",
            "principal_type": "Group",
            "role_definition_id": "/subscriptions/dcef7009-6b94-4382-afdc-17eb160d709a/providers/Microsoft.Authorization/roleDefinitions/b1ff04bb-8a4e-4dc4-8eb5-8693973ce19b",
            "role_definition_name": "Azure Kubernetes Service RBAC Cluster Admin",
            "scope": "/subscriptions/dcef7009-6b94-4382-afdc-17eb160d709a/resourceGroups/rg-lzaks-spoke-aks-airbus-dev/providers/Microsoft.ContainerService/managedClusters/aks-cluster",
            "skip_service_principal_aad_check": true,
            "timeouts": null
          },
          "sensitive_attributes": [],
          "private": "eyJlMmJmYjczMC1lY2FhLTExZTYtOGY4OC0zNDM2M2JjN2M0YzAiOnsiY3JlYXRlIjoxODAwMDAwMDAwMDAwLCJkZWxldGUiOjE4MDAwMDAwMDAwMDAsInJlYWQiOjMwMDAwMDAwMDAwMH19",
          "dependencies": [
            "azuread_group.aks_admins",
            "azurerm_resource_group.rg-dev",
            "data.azurerm_client_config.current",
            "data.terraform_remote_state.hub",
            "data.terraform_remote_state.management",
            "data.terraform_remote_state.spoke_aks",
            "module.aks-dev.azurerm_kubernetes_cluster.aks",
            "module.aks-dev.azurerm_role_assignment.contributor",
            "module.aks-dev.azurerm_role_assignment.managed-identity-operator",
            "module.aks-dev.azurerm_role_assignment.network-contributor",
            "module.aks-dev.azurerm_role_assignment.private-dns-zone-contributor",
            "module.aks-dev.azurerm_user_assigned_identity.identity-aks",
            "module.aks-dev.azurerm_user_assigned_identity.identity-kubelet"
          ]
        }
      ]
    },
    {
      "module": "module.aks-dev",
      "mode": "managed",
      "type": "azurerm_role_assignment",
      "name": "contributor",
      "provider": "provider[\"registry.terraform.io/hashicorp/azurerm\"]",
      "instances": [
        {
          "schema_version": 0,
          "attributes": {
            "condition": "",
            "condition_version": "",
            "delegated_managed_identity_resource_id": "",
            "description": "",
            "id": "/subscriptions/dcef7009-6b94-4382-afdc-17eb160d709a/resourceGroups/rg-lzaks-spoke-aks-airbus-dev/providers/Microsoft.Authorization/roleAssignments/1fe39586-8882-c343-f233-82eef12b8d10",
            "name": "1fe39586-8882-c343-f233-82eef12b8d10",
            "principal_id": "310baaef-b537-4cff-81c5-d76792361a70",
            "principal_type": "ServicePrincipal",
            "role_definition_id": "/subscriptions/dcef7009-6b94-4382-afdc-17eb160d709a/providers/Microsoft.Authorization/roleDefinitions/b24988ac-6180-42a0-ab88-20f7382dd24c",
            "role_definition_name": "Contributor",
            "scope": "/subscriptions/dcef7009-6b94-4382-afdc-17eb160d709a/resourceGroups/rg-lzaks-spoke-aks-airbus-dev",
            "skip_service_principal_aad_check": true,
            "timeouts": null
          },
          "sensitive_attributes": [],
          "private": "eyJlMmJmYjczMC1lY2FhLTExZTYtOGY4OC0zNDM2M2JjN2M0YzAiOnsiY3JlYXRlIjoxODAwMDAwMDAwMDAwLCJkZWxldGUiOjE4MDAwMDAwMDAwMDAsInJlYWQiOjMwMDAwMDAwMDAwMH19",
          "dependencies": [
            "azurerm_resource_group.rg-dev",
            "module.aks-dev.azurerm_user_assigned_identity.identity-aks"
          ]
        }
      ]
    },
    {
      "module": "module.aks-dev",
      "mode": "managed",
      "type": "azurerm_role_assignment",
      "name": "managed-identity-operator",
      "provider": "provider[\"registry.terraform.io/hashicorp/azurerm\"]",
      "instances": [
        {
          "schema_version": 0,
          "attributes": {
            "condition": "",
            "condition_version": "",
            "delegated_managed_identity_resource_id": "",
            "description": "",
            "id": "/subscriptions/dcef7009-6b94-4382-afdc-17eb160d709a/resourceGroups/rg-lzaks-spoke-aks-airbus-dev/providers/Microsoft.ManagedIdentity/userAssignedIdentities/identity-kubelet/providers/Microsoft.Authorization/roleAssignments/f507707d-ed4a-33bc-dc44-6e174455b72e",
            "name": "f507707d-ed4a-33bc-dc44-6e174455b72e",
            "principal_id": "310baaef-b537-4cff-81c5-d76792361a70",
            "principal_type": "ServicePrincipal",
            "role_definition_id": "/subscriptions/dcef7009-6b94-4382-afdc-17eb160d709a/providers/Microsoft.Authorization/roleDefinitions/f1a07417-d97a-45cb-824c-7a7467783830",
            "role_definition_name": "Managed Identity Operator",
            "scope": "/subscriptions/dcef7009-6b94-4382-afdc-17eb160d709a/resourceGroups/rg-lzaks-spoke-aks-airbus-dev/providers/Microsoft.ManagedIdentity/userAssignedIdentities/identity-kubelet",
            "skip_service_principal_aad_check": true,
            "timeouts": null
          },
          "sensitive_attributes": [],
          "private": "eyJlMmJmYjczMC1lY2FhLTExZTYtOGY4OC0zNDM2M2JjN2M0YzAiOnsiY3JlYXRlIjoxODAwMDAwMDAwMDAwLCJkZWxldGUiOjE4MDAwMDAwMDAwMDAsInJlYWQiOjMwMDAwMDAwMDAwMH19",
          "dependencies": [
            "azurerm_resource_group.rg-dev",
            "module.aks-dev.azurerm_user_assigned_identity.identity-aks",
            "module.aks-dev.azurerm_user_assigned_identity.identity-kubelet"
          ]
        }
      ]
    },
    {
      "module": "module.aks-dev",
      "mode": "managed",
      "type": "azurerm_role_assignment",
      "name": "network-contributor",
      "provider": "provider[\"registry.terraform.io/hashicorp/azurerm\"]",
      "instances": [
        {
          "schema_version": 0,
          "attributes": {
            "condition": "",
            "condition_version": "",
            "delegated_managed_identity_resource_id": "",
            "description": "",
            "id": "/subscriptions/dcef7009-6b94-4382-afdc-17eb160d709a/resourceGroups/rg-lzaks-spoke-aks-infra/providers/Microsoft.Network/virtualNetworks/vnet-spoke-aks/providers/Microsoft.Authorization/roleAssignments/b8b97b48-f74b-b214-53f0-b71188b4aec6",
            "name": "b8b97b48-f74b-b214-53f0-b71188b4aec6",
            "principal_id": "310baaef-b537-4cff-81c5-d76792361a70",
            "principal_type": "ServicePrincipal",
            "role_definition_id": "/subscriptions/dcef7009-6b94-4382-afdc-17eb160d709a/providers/Microsoft.Authorization/roleDefinitions/4d97b98b-1d4f-4787-a291-c67834d212e7",
            "role_definition_name": "Network Contributor",
            "scope": "/subscriptions/dcef7009-6b94-4382-afdc-17eb160d709a/resourceGroups/rg-lzaks-spoke-aks-infra/providers/Microsoft.Network/virtualNetworks/vnet-spoke-aks",
            "skip_service_principal_aad_check": true,
            "timeouts": null
          },
          "sensitive_attributes": [],
          "private": "eyJlMmJmYjczMC1lY2FhLTExZTYtOGY4OC0zNDM2M2JjN2M0YzAiOnsiY3JlYXRlIjoxODAwMDAwMDAwMDAwLCJkZWxldGUiOjE4MDAwMDAwMDAwMDAsInJlYWQiOjMwMDAwMDAwMDAwMH19",
          "dependencies": [
            "azurerm_resource_group.rg-dev",
            "data.terraform_remote_state.spoke_aks",
            "module.aks-dev.azurerm_user_assigned_identity.identity-aks"
          ]
        }
      ]
    },
    {
      "module": "module.aks-dev",
      "mode": "managed",
      "type": "azurerm_role_assignment",
      "name": "private-dns-zone-contributor",
      "provider": "provider[\"registry.terraform.io/hashicorp/azurerm\"]",
      "instances": [
        {
          "schema_version": 0,
          "attributes": {
            "condition": "",
            "condition_version": "",
            "delegated_managed_identity_resource_id": "",
            "description": "",
            "id": "/subscriptions/dcef7009-6b94-4382-afdc-17eb160d709a/resourceGroups/rg-lzaks-hub/providers/Microsoft.Network/privateDnsZones/privatelink.swedencentral.azmk8s.io/providers/Microsoft.Authorization/roleAssignments/6b93e49b-b979-1b7b-5523-73bfcbaeb4fa",
            "name": "6b93e49b-b979-1b7b-5523-73bfcbaeb4fa",
            "principal_id": "310baaef-b537-4cff-81c5-d76792361a70",
            "principal_type": "ServicePrincipal",
            "role_definition_id": "/subscriptions/dcef7009-6b94-4382-afdc-17eb160d709a/providers/Microsoft.Authorization/roleDefinitions/b12aa53e-6015-4669-85d0-8515ebb3ae7f",
            "role_definition_name": "Private DNS Zone Contributor",
            "scope": "/subscriptions/dcef7009-6b94-4382-afdc-17eb160d709a/resourceGroups/rg-lzaks-hub/providers/Microsoft.Network/privateDnsZones/privatelink.swedencentral.azmk8s.io",
            "skip_service_principal_aad_check": true,
            "timeouts": null
          },
          "sensitive_attributes": [],
          "private": "eyJlMmJmYjczMC1lY2FhLTExZTYtOGY4OC0zNDM2M2JjN2M0YzAiOnsiY3JlYXRlIjoxODAwMDAwMDAwMDAwLCJkZWxldGUiOjE4MDAwMDAwMDAwMDAsInJlYWQiOjMwMDAwMDAwMDAwMH19",
          "dependencies": [
            "azurerm_resource_group.rg-dev",
            "data.terraform_remote_state.hub",
            "module.aks-dev.azurerm_user_assigned_identity.identity-aks"
          ]
        }
      ]
    },
    {
      "module": "module.aks-dev",
      "mode": "managed",
      "type": "azurerm_user_assigned_identity",
      "name": "identity-aks",
      "provider": "provider[\"registry.terraform.io/hashicorp/azurerm\"]",
      "instances": [
        {
          "schema_version": 1,
          "attributes": {
            "client_id": "fa49b628-0641-4ae1-8c67-7f881035e214",
            "id": "/subscriptions/dcef7009-6b94-4382-afdc-17eb160d709a/resourceGroups/rg-lzaks-spoke-aks-airbus-dev/providers/Microsoft.ManagedIdentity/userAssignedIdentities/identity-aks",
            "location": "swedencentral",
            "name": "identity-aks",
            "principal_id": "310baaef-b537-4cff-81c5-d76792361a70",
            "resource_group_name": "rg-lzaks-spoke-aks-airbus-dev",
            "tags": {
              "architecture": "Hub\u0026Spoke",
              "environment": "development",
              "source": "terraform"
            },
            "tenant_id": "93139d1e-a3c1-4d78-9ed5-878be090eba4",
            "timeouts": null
          },
          "sensitive_attributes": [],
          "private": "eyJlMmJmYjczMC1lY2FhLTExZTYtOGY4OC0zNDM2M2JjN2M0YzAiOnsiY3JlYXRlIjoxODAwMDAwMDAwMDAwLCJkZWxldGUiOjE4MDAwMDAwMDAwMDAsInJlYWQiOjMwMDAwMDAwMDAwMCwidXBkYXRlIjoxODAwMDAwMDAwMDAwfSwic2NoZW1hX3ZlcnNpb24iOiIxIn0=",
          "dependencies": [
            "azurerm_resource_group.rg-dev"
          ]
        }
      ]
    },
    {
      "module": "module.aks-dev",
      "mode": "managed",
      "type": "azurerm_user_assigned_identity",
      "name": "identity-kubelet",
      "provider": "provider[\"registry.terraform.io/hashicorp/azurerm\"]",
      "instances": [
        {
          "schema_version": 1,
          "attributes": {
            "client_id": "6a3257c7-d184-442b-9e62-99494cead3cb",
            "id": "/subscriptions/dcef7009-6b94-4382-afdc-17eb160d709a/resourceGroups/rg-lzaks-spoke-aks-airbus-dev/providers/Microsoft.ManagedIdentity/userAssignedIdentities/identity-kubelet",
            "location": "swedencentral",
            "name": "identity-kubelet",
            "principal_id": "ba0ea213-c51f-4275-9f7f-3659d3d811e3",
            "resource_group_name": "rg-lzaks-spoke-aks-airbus-dev",
            "tags": {
              "architecture": "Hub\u0026Spoke",
              "environment": "development",
              "source": "terraform"
            },
            "tenant_id": "93139d1e-a3c1-4d78-9ed5-878be090eba4",
            "timeouts": null
          },
          "sensitive_attributes": [],
          "private": "eyJlMmJmYjczMC1lY2FhLTExZTYtOGY4OC0zNDM2M2JjN2M0YzAiOnsiY3JlYXRlIjoxODAwMDAwMDAwMDAwLCJkZWxldGUiOjE4MDAwMDAwMDAwMDAsInJlYWQiOjMwMDAwMDAwMDAwMCwidXBkYXRlIjoxODAwMDAwMDAwMDAwfSwic2NoZW1hX3ZlcnNpb24iOiIxIn0=",
          "dependencies": [
            "azurerm_resource_group.rg-dev"
          ]
        }
      ]
    },
    {
      "module": "module.aks-dev",
      "mode": "managed",
      "type": "terraform_data",
      "name": "aks-get-credentials",
      "provider": "provider[\"terraform.io/builtin/terraform\"]",
      "instances": [
        {
          "schema_version": 0,
          "attributes": {
            "id": "53dd5e33-b9b0-1ecb-e3c1-abbc89bfe366",
            "input": null,
            "output": null,
            "triggers_replace": {
              "value": [
                "/subscriptions/dcef7009-6b94-4382-afdc-17eb160d709a/resourceGroups/rg-lzaks-spoke-aks-airbus-dev/providers/Microsoft.ContainerService/managedClusters/aks-cluster"
              ],
              "type": [
                "tuple",
                [
                  "string"
                ]
              ]
            }
          },
          "sensitive_attributes": [],
          "dependencies": [
            "azurerm_resource_group.rg-dev",
            "data.azurerm_client_config.current",
            "data.terraform_remote_state.hub",
            "data.terraform_remote_state.management",
            "data.terraform_remote_state.spoke_aks",
            "module.aks-dev.azurerm_kubernetes_cluster.aks",
            "module.aks-dev.azurerm_role_assignment.contributor",
            "module.aks-dev.azurerm_role_assignment.managed-identity-operator",
            "module.aks-dev.azurerm_role_assignment.network-contributor",
            "module.aks-dev.azurerm_role_assignment.private-dns-zone-contributor",
            "module.aks-dev.azurerm_user_assigned_identity.identity-aks",
            "module.aks-dev.azurerm_user_assigned_identity.identity-kubelet"
          ]
        }
      ]
    },
    {
      "module": "module.aks-prod",
      "mode": "managed",
      "type": "azurerm_kubernetes_cluster",
      "name": "aks",
      "provider": "provider[\"registry.terraform.io/hashicorp/azurerm\"]",
      "instances": [
        {
          "schema_version": 2,
          "attributes": {
            "aci_connector_linux": [],
            "api_server_access_profile": [],
            "auto_scaler_profile": [
              {
                "balance_similar_node_groups": false,
                "daemonset_eviction_for_empty_nodes_enabled": false,
                "daemonset_eviction_for_occupied_nodes_enabled": true,
                "empty_bulk_delete_max": "10",
                "expander": "random",
                "ignore_daemonsets_utilization_enabled": false,
                "max_graceful_termination_sec": "600",
                "max_node_provisioning_time": "15m",
                "max_unready_nodes": 3,
                "max_unready_percentage": 45,
                "new_pod_scale_up_delay": "10s",
                "scale_down_delay_after_add": "10m",
                "scale_down_delay_after_delete": "10s",
                "scale_down_delay_after_failure": "3m",
                "scale_down_unneeded": "10m",
                "scale_down_unready": "20m",
                "scale_down_utilization_threshold": "0.5",
                "scan_interval": "10s",
                "skip_nodes_with_local_storage": true,
                "skip_nodes_with_system_pods": true
              }
            ],
            "automatic_upgrade_channel": "node-image",
            "azure_active_directory_role_based_access_control": [
              {
                "admin_group_object_ids": null,
                "azure_rbac_enabled": true,
                "tenant_id": "93139d1e-a3c1-4d78-9ed5-878be090eba4"
              }
            ],
            "azure_policy_enabled": true,
            "confidential_computing": [
              {
                "sgx_quote_helper_enabled": false
              }
            ],
            "cost_analysis_enabled": false,
            "current_kubernetes_version": "1.31.3",
            "default_node_pool": [
              {
                "auto_scaling_enabled": true,
                "capacity_reservation_group_id": "",
                "fips_enabled": false,
                "gpu_instance": "",
                "host_encryption_enabled": false,
                "host_group_id": "",
                "kubelet_config": [],
                "kubelet_disk_type": "OS",
                "linux_os_config": [],
                "max_count": 3,
                "max_pods": 110,
                "min_count": 1,
                "name": "systemnp",
                "node_count": 3,
                "node_labels": {},
                "node_network_profile": [],
                "node_public_ip_enabled": false,
                "node_public_ip_prefix_id": "",
                "only_critical_addons_enabled": true,
                "orchestrator_version": "1.31.3",
                "os_disk_size_gb": 128,
                "os_disk_type": "Managed",
                "os_sku": "Ubuntu",
                "pod_subnet_id": "",
                "proximity_placement_group_id": "",
                "scale_down_mode": "Deallocate",
                "snapshot_id": "",
                "tags": {
                  "architecture": "Hub\u0026Spoke",
                  "environment": "development",
                  "source": "terraform"
                },
                "temporary_name_for_rotation": "sysnptmp",
                "type": "VirtualMachineScaleSets",
                "ultra_ssd_enabled": false,
                "upgrade_settings": [
                  {
                    "drain_timeout_in_minutes": 0,
                    "max_surge": "10%",
                    "node_soak_duration_in_minutes": 0
                  }
                ],
                "vm_size": "Standard_D2s_v5",
                "vnet_subnet_id": "/subscriptions/dcef7009-6b94-4382-afdc-17eb160d709a/resourceGroups/rg-lzaks-spoke-aks-infra/providers/Microsoft.Network/virtualNetworks/vnet-spoke-aks/subnets/snet-aks",
                "workload_runtime": "OCIContainer",
                "zones": [
                  "1",
                  "2",
                  "3"
                ]
              }
            ],
            "disk_encryption_set_id": "",
            "dns_prefix": "aks",
            "dns_prefix_private_cluster": "",
            "edge_zone": "",
            "fqdn": "",
            "http_application_routing_enabled": false,
            "http_application_routing_zone_name": "",
            "http_proxy_config": [],
            "id": "/subscriptions/dcef7009-6b94-4382-afdc-17eb160d709a/resourceGroups/rg-lzaks-spoke-aks-airbus-prod/providers/Microsoft.ContainerService/managedClusters/aks-cluster",
            "identity": [
              {
                "identity_ids": [
                  "/subscriptions/dcef7009-6b94-4382-afdc-17eb160d709a/resourceGroups/rg-lzaks-spoke-aks-airbus-prod/providers/Microsoft.ManagedIdentity/userAssignedIdentities/identity-aks"
                ],
                "principal_id": "",
                "tenant_id": "",
                "type": "UserAssigned"
              }
            ],
            "image_cleaner_enabled": true,
            "image_cleaner_interval_hours": 24,
            "ingress_application_gateway": [],
            "key_management_service": [],
            "key_vault_secrets_provider": [
              {
                "secret_identity": [
                  {
                    "client_id": "298c323d-6db4-400c-8500-f844486a0122",
                    "object_id": "d3c2c046-1864-4fd4-bf5c-47cd5950e634",
                    "user_assigned_identity_id": "/subscriptions/dcef7009-6b94-4382-afdc-17eb160d709a/resourcegroups/rg-lzaks-spoke-aks-airbus-prod-nodes/providers/Microsoft.ManagedIdentity/userAssignedIdentities/azurekeyvaultsecretsprovider-aks-cluster"
                  }
                ],
                "secret_rotation_enabled": true,
                "secret_rotation_interval": "2m"
              }
            ],
            "kube_admin_config": [],
            "kube_admin_config_raw": "",
            "kube_config": [
              {
                "client_certificate": "",
                "client_key": "",
                "cluster_ca_certificate": "LS0tLS1CRUdJTiBDRVJUSUZJQ0FURS0tLS0tCk1JSUU2RENDQXRDZ0F3SUJBZ0lRSTJZUFFkL0FHNGwwRk4yaEFMcWluVEFOQmdrcWhraUc5dzBCQVFzRkFEQU4KTVFzd0NRWURWUVFERXdKallUQWdGdzB5TlRBeE1qRXhOalU1TVRSYUdBOHlNRFUxTURFeU1URTNNRGt4TkZvdwpEVEVMTUFrR0ExVUVBeE1DWTJFd2dnSWlNQTBHQ1NxR1NJYjNEUUVCQVFVQUE0SUNEd0F3Z2dJS0FvSUNBUURuCmhxeUU5dmlYdjZPVTR0cFBlRk1NOS9jakdQQjFDZjRNZ2dYR0EvaWp2WDhwVnN1Nks4L3lPWGdoZ1Y4dkg4SUoKeWNJK3BTYUVzTUVIVEd6RUdHVDU2ckIxOWR0MlYvYkpnK0ZoSjFOT2MxU1l1YUYyVHJqMGl3amxRRW9lY1pkNApRK1RSTjBnQ1Ayd0pzTUhpSTRZZHRhZlg1SXpMSVFMaXlhMm52cWQwTjZvWHIvT0tVU080YzJOcmhGaUxOYWlICjNnbHYrUlpRc1FCTkgzQTBCYjIvRTU2UFZuRjBUWkxlYk5tdUJjT0hTM050T08wVHRHeURnd0xSaHJjWGlBT2MKV2w3SjBJZTJoYmtyMHIvOVlCRHBUTm1nZVQvVXY1eWhYMk1lbkk1NTg3dVNoN3JzNmN4aTQ2MG5RWlYwK0VoegptSmhER0pSdGZ4UWVuUkRMb002UkRZdXRQc0dtQUJOZkp1aFM3dkpFK29SNTZRZlFRekNLYkdKNTN3ZG13UmlUCnkzNjBxcEVUV2Myc0UzclFZV3ZLQmNWLzFaWXo5RjFhSWEzWEZUdDQ1OVMzdS80YXpKM05HRHF0UVNuaCtSNk4Kc3JlRFBKZkg4L3pCYVdqZVRQSEROaEpRaEZiVng2OCtNamhBR2ROTmlJKzg2M2Yvb3ZUKy9JSXp5NXBIS3FXVwpSV3NHUkJMSURUaGY4WTVYdmNrRGdPRnk2dEpERVVZQUJVdE41a3pOSityTjBZaStRdk15VmxGS3E2aEpuOEpBCm9KWkV2M1JOUDRvbHN5L2N1OXFlaXhrUVE5T3ltRUhGWTB1M29PYnRNcVd0Rjlzd28vMzlIYUlzZWZScGhjVDUKYVZMa3JUSUxJVHFtUzlWMFl6SStDWTREOHg2bGlVUXp5VFpPaTdFMDl3SURBUUFCbzBJd1FEQU9CZ05WSFE4QgpBZjhFQkFNQ0FxUXdEd1lEVlIwVEFRSC9CQVV3QXdFQi96QWRCZ05WSFE0RUZnUVVDbDFaTkwzQXdhczZpNzd0Cm1LYy9kWFRpak5rd0RRWUpLb1pJaHZjTkFRRUxCUUFEZ2dJQkFDWGRXM2tjcjJMeXp4Y3p4YU55VkFOekcwVFkKTDB1Zkpmb2hYd2RKRU9sUklJZ3RHb3IyQXdvU3Qycy9IVnlNMEdvQWcrV1REMDhBUXdBTEU0aHBQeThNclFUZgpmR2FJSGR1dkdtUXVEc2pLMkhJWGJFNzlYK1lFWnVsS2VnWFFXVTA1bmVFcmNIUkROay9hcjQvdnJGMFFpVFJlClNFMWRoN0lyU0NwN0EzTTFhUUc4WHk5ZEpCblpLOU1RQzRrSXE0UFpnUGJoT2tkSm53YXJWVml2b2ZHZUs1R3QKZlhnaDA1aGVhTkM3ZzFNZTY4WDZLbVUxTWhIWDUvUzdIQzBIVXFDS0JEOVl1Vk1aeFVOazdnSCtSd1MyUEYxVQpNS0lxWmNrRmcyNEt4NTdQSzd3ekdqME56ZTNLaG9vejVHMXZLTlZNck9MUEtqaXRLN3FoK1dld2dlL0NzVWE5CjcvYXVBNGNrZWsydnZCaTFPQUVCYVdTMUNHaUNWVFl5enFTNUdGczJBdjZVOWlFeWl6T3dZQWhoM3dDUEkycHYKR2tPMlRBTk9vZElBK3gwV09TZ1RuWG5sVVU2VzNqazRDSFdEcHM1dXptTnpzY25JaURvS1IrR1FCby9neVFhRQprWUwyQUkwZGV6Q29QUzBlMGlrVUhNRmRpcXk5azJ3eFlqZ21sSm9lM3AxelQ4TXhHdTdoQzF0U01HOExzSy9SCjU4TXBOTlNldFNMMjIzeDdZRGkvbGpGY0VZMVhtNzlmWUVxRFBtWDlxZE5ZYmNRcHNvLy9hNlpVVUg1ZXhMWWMKaEQ2bG11REpDOVJrdmZJVnpDTWYvL04wU0dSV3ZEc3FtVEp3N0l1ajM0SDFWdjdieUZCMm8rSlZ1Qk5XbWV4WApjeDM0QW5Ya2JKMC9FRStrCi0tLS0tRU5EIENFUlRJRklDQVRFLS0tLS0K",
                "host": "https://aks-v6g02scc.privatelink.swedencentral.azmk8s.io:443",
                "password": "",
                "username": "clusterUser_rg-lzaks-spoke-aks-airbus-prod_aks-cluster"
              }
            ],
            "kube_config_raw": "apiVersion: v1\nclusters:\n- cluster:\n    certificate-authority-data: LS0tLS1CRUdJTiBDRVJUSUZJQ0FURS0tLS0tCk1JSUU2RENDQXRDZ0F3SUJBZ0lRSTJZUFFkL0FHNGwwRk4yaEFMcWluVEFOQmdrcWhraUc5dzBCQVFzRkFEQU4KTVFzd0NRWURWUVFERXdKallUQWdGdzB5TlRBeE1qRXhOalU1TVRSYUdBOHlNRFUxTURFeU1URTNNRGt4TkZvdwpEVEVMTUFrR0ExVUVBeE1DWTJFd2dnSWlNQTBHQ1NxR1NJYjNEUUVCQVFVQUE0SUNEd0F3Z2dJS0FvSUNBUURuCmhxeUU5dmlYdjZPVTR0cFBlRk1NOS9jakdQQjFDZjRNZ2dYR0EvaWp2WDhwVnN1Nks4L3lPWGdoZ1Y4dkg4SUoKeWNJK3BTYUVzTUVIVEd6RUdHVDU2ckIxOWR0MlYvYkpnK0ZoSjFOT2MxU1l1YUYyVHJqMGl3amxRRW9lY1pkNApRK1RSTjBnQ1Ayd0pzTUhpSTRZZHRhZlg1SXpMSVFMaXlhMm52cWQwTjZvWHIvT0tVU080YzJOcmhGaUxOYWlICjNnbHYrUlpRc1FCTkgzQTBCYjIvRTU2UFZuRjBUWkxlYk5tdUJjT0hTM050T08wVHRHeURnd0xSaHJjWGlBT2MKV2w3SjBJZTJoYmtyMHIvOVlCRHBUTm1nZVQvVXY1eWhYMk1lbkk1NTg3dVNoN3JzNmN4aTQ2MG5RWlYwK0VoegptSmhER0pSdGZ4UWVuUkRMb002UkRZdXRQc0dtQUJOZkp1aFM3dkpFK29SNTZRZlFRekNLYkdKNTN3ZG13UmlUCnkzNjBxcEVUV2Myc0UzclFZV3ZLQmNWLzFaWXo5RjFhSWEzWEZUdDQ1OVMzdS80YXpKM05HRHF0UVNuaCtSNk4Kc3JlRFBKZkg4L3pCYVdqZVRQSEROaEpRaEZiVng2OCtNamhBR2ROTmlJKzg2M2Yvb3ZUKy9JSXp5NXBIS3FXVwpSV3NHUkJMSURUaGY4WTVYdmNrRGdPRnk2dEpERVVZQUJVdE41a3pOSityTjBZaStRdk15VmxGS3E2aEpuOEpBCm9KWkV2M1JOUDRvbHN5L2N1OXFlaXhrUVE5T3ltRUhGWTB1M29PYnRNcVd0Rjlzd28vMzlIYUlzZWZScGhjVDUKYVZMa3JUSUxJVHFtUzlWMFl6SStDWTREOHg2bGlVUXp5VFpPaTdFMDl3SURBUUFCbzBJd1FEQU9CZ05WSFE4QgpBZjhFQkFNQ0FxUXdEd1lEVlIwVEFRSC9CQVV3QXdFQi96QWRCZ05WSFE0RUZnUVVDbDFaTkwzQXdhczZpNzd0Cm1LYy9kWFRpak5rd0RRWUpLb1pJaHZjTkFRRUxCUUFEZ2dJQkFDWGRXM2tjcjJMeXp4Y3p4YU55VkFOekcwVFkKTDB1Zkpmb2hYd2RKRU9sUklJZ3RHb3IyQXdvU3Qycy9IVnlNMEdvQWcrV1REMDhBUXdBTEU0aHBQeThNclFUZgpmR2FJSGR1dkdtUXVEc2pLMkhJWGJFNzlYK1lFWnVsS2VnWFFXVTA1bmVFcmNIUkROay9hcjQvdnJGMFFpVFJlClNFMWRoN0lyU0NwN0EzTTFhUUc4WHk5ZEpCblpLOU1RQzRrSXE0UFpnUGJoT2tkSm53YXJWVml2b2ZHZUs1R3QKZlhnaDA1aGVhTkM3ZzFNZTY4WDZLbVUxTWhIWDUvUzdIQzBIVXFDS0JEOVl1Vk1aeFVOazdnSCtSd1MyUEYxVQpNS0lxWmNrRmcyNEt4NTdQSzd3ekdqME56ZTNLaG9vejVHMXZLTlZNck9MUEtqaXRLN3FoK1dld2dlL0NzVWE5CjcvYXVBNGNrZWsydnZCaTFPQUVCYVdTMUNHaUNWVFl5enFTNUdGczJBdjZVOWlFeWl6T3dZQWhoM3dDUEkycHYKR2tPMlRBTk9vZElBK3gwV09TZ1RuWG5sVVU2VzNqazRDSFdEcHM1dXptTnpzY25JaURvS1IrR1FCby9neVFhRQprWUwyQUkwZGV6Q29QUzBlMGlrVUhNRmRpcXk5azJ3eFlqZ21sSm9lM3AxelQ4TXhHdTdoQzF0U01HOExzSy9SCjU4TXBOTlNldFNMMjIzeDdZRGkvbGpGY0VZMVhtNzlmWUVxRFBtWDlxZE5ZYmNRcHNvLy9hNlpVVUg1ZXhMWWMKaEQ2bG11REpDOVJrdmZJVnpDTWYvL04wU0dSV3ZEc3FtVEp3N0l1ajM0SDFWdjdieUZCMm8rSlZ1Qk5XbWV4WApjeDM0QW5Ya2JKMC9FRStrCi0tLS0tRU5EIENFUlRJRklDQVRFLS0tLS0K\n    server: https://aks-v6g02scc.privatelink.swedencentral.azmk8s.io:443\n  name: aks-cluster\ncontexts:\n- context:\n    cluster: aks-cluster\n    user: clusterUser_rg-lzaks-spoke-aks-airbus-prod_aks-cluster\n  name: aks-cluster\ncurrent-context: aks-cluster\nkind: Config\npreferences: {}\nusers:\n- name: clusterUser_rg-lzaks-spoke-aks-airbus-prod_aks-cluster\n  user:\n    exec:\n      apiVersion: client.authentication.k8s.io/v1beta1\n      args:\n      - get-token\n      - --environment\n      - AzurePublicCloud\n      - --server-id\n      - 6dae42f8-4368-4678-94ff-3960e28e3630\n      - --client-id\n      - 80faf920-1908-4b52-b5ef-a8e7bedfc67a\n      - --tenant-id\n      - 93139d1e-a3c1-4d78-9ed5-878be090eba4\n      - --login\n      - devicecode\n      command: kubelogin\n      env: null\n      installHint: |2\n\n        kubelogin is not installed which is required to connect to AAD enabled cluster.\n\n        To learn more, please go to https://aka.ms/aks/kubelogin\n      provideClusterInfo: false\n",
            "kubelet_identity": [
              {
                "client_id": "289433f1-febd-40f3-8edb-a53787b12027",
                "object_id": "273fef83-f9fe-448c-a9fe-41f816b87bc7",
                "user_assigned_identity_id": "/subscriptions/dcef7009-6b94-4382-afdc-17eb160d709a/resourceGroups/rg-lzaks-spoke-aks-airbus-prod/providers/Microsoft.ManagedIdentity/userAssignedIdentities/identity-kubelet"
              }
            ],
            "kubernetes_version": "1.31.3",
            "linux_profile": [],
            "local_account_disabled": true,
            "location": "swedencentral",
            "maintenance_window": [
              {
                "allowed": [
                  {
                    "day": "Saturday",
                    "hours": [
                      2,
                      8
                    ]
                  }
                ],
                "not_allowed": []
              }
            ],
            "maintenance_window_auto_upgrade": [
              {
                "day_of_month": 0,
                "day_of_week": "Monday",
                "duration": 9,
                "frequency": "Weekly",
                "interval": 1,
                "not_allowed": [
                  {
                    "end": "2025-01-02T00:00:00Z",
                    "start": "2025-01-01T00:00:00Z"
                  }
                ],
                "start_date": "2025-01-01T00:00:00Z",
                "start_time": "02:00",
                "utc_offset": "+01:00",
                "week_index": ""
              }
            ],
            "maintenance_window_node_os": [
              {
                "day_of_month": 0,
                "day_of_week": "Monday",
                "duration": 9,
                "frequency": "Weekly",
                "interval": 1,
                "not_allowed": [
                  {
                    "end": "2025-01-02T00:00:00Z",
                    "start": "2025-01-01T00:00:00Z"
                  }
                ],
                "start_date": "2025-01-01T00:00:00Z",
                "start_time": "02:00",
                "utc_offset": "+01:00",
                "week_index": ""
              }
            ],
            "microsoft_defender": [],
            "monitor_metrics": [
              {
                "annotations_allowed": "",
                "labels_allowed": ""
              }
            ],
            "name": "aks-cluster",
            "network_profile": [
              {
                "dns_service_ip": "10.0.0.10",
                "ip_versions": [
                  "IPv4"
                ],
                "load_balancer_profile": [
                  {
                    "backend_pool_type": "NodeIPConfiguration",
                    "effective_outbound_ips": [],
                    "idle_timeout_in_minutes": 0,
                    "managed_outbound_ip_count": 0,
                    "managed_outbound_ipv6_count": 0,
                    "outbound_ip_address_ids": [],
                    "outbound_ip_prefix_ids": [],
                    "outbound_ports_allocated": 0
                  }
                ],
                "load_balancer_sku": "standard",
                "nat_gateway_profile": [],
                "network_data_plane": "cilium",
                "network_mode": "",
                "network_plugin": "azure",
                "network_plugin_mode": "overlay",
                "network_policy": "cilium",
                "outbound_type": "userDefinedRouting",
                "pod_cidr": "10.10.240.0/20",
                "pod_cidrs": [
                  "10.10.240.0/20"
                ],
                "service_cidr": "10.0.0.0/16",
                "service_cidrs": [
                  "10.0.0.0/16"
                ]
              }
            ],
            "node_os_upgrade_channel": "NodeImage",
            "node_resource_group": "rg-lzaks-spoke-aks-airbus-prod-nodes",
            "node_resource_group_id": "/subscriptions/dcef7009-6b94-4382-afdc-17eb160d709a/resourceGroups/rg-lzaks-spoke-aks-airbus-prod-nodes",
            "oidc_issuer_enabled": true,
            "oidc_issuer_url": "https://swedencentral.oic.prod-aks.azure.com/93139d1e-a3c1-4d78-9ed5-878be090eba4/f95fcb88-1b34-4039-a965-36646abcfb23/",
            "oms_agent": [
              {
                "log_analytics_workspace_id": "/subscriptions/dcef7009-6b94-4382-afdc-17eb160d709a/resourceGroups/rg-lzaks-management/providers/Microsoft.OperationalInsights/workspaces/loganalyticsforaks011",
                "msi_auth_for_monitoring_enabled": true,
                "oms_agent_identity": []
              }
            ],
            "open_service_mesh_enabled": false,
            "portal_fqdn": "82f044259edf1aa37f91ad0f271601c8-priv.portal.hcp.swedencentral.azmk8s.io",
            "private_cluster_enabled": true,
            "private_cluster_public_fqdn_enabled": false,
            "private_dns_zone_id": "/subscriptions/dcef7009-6b94-4382-afdc-17eb160d709a/resourceGroups/rg-lzaks-hub/providers/Microsoft.Network/privateDnsZones/privatelink.swedencentral.azmk8s.io",
            "private_fqdn": "aks-v6g02scc.privatelink.swedencentral.azmk8s.io",
            "resource_group_name": "rg-lzaks-spoke-aks-airbus-prod",
            "role_based_access_control_enabled": true,
            "run_command_enabled": false,
            "service_mesh_profile": [],
            "service_principal": [],
            "sku_tier": "Free",
            "storage_profile": [
              {
                "blob_driver_enabled": true,
                "disk_driver_enabled": true,
                "file_driver_enabled": true,
                "snapshot_controller_enabled": true
              }
            ],
            "support_plan": "KubernetesOfficial",
            "tags": {
              "architecture": "Hub\u0026Spoke",
              "environment": "development",
              "source": "terraform"
            },
            "timeouts": null,
            "web_app_routing": [
              {
                "dns_zone_ids": [],
                "web_app_routing_identity": [
                  {
                    "client_id": "8b91e6dc-c5fe-4baf-9d0a-d1a870e1d8e8",
                    "object_id": "655b89d9-ed02-4788-b7b7-bd63b0b83484",
                    "user_assigned_identity_id": "/subscriptions/dcef7009-6b94-4382-afdc-17eb160d709a/resourcegroups/rg-lzaks-spoke-aks-airbus-prod-nodes/providers/Microsoft.ManagedIdentity/userAssignedIdentities/webapprouting-aks-cluster"
                  }
                ]
              }
            ],
            "windows_profile": [
              {
                "admin_password": "",
                "admin_username": "azureuser",
                "gmsa": [],
                "license": ""
              }
            ],
            "workload_autoscaler_profile": [
              {
                "keda_enabled": true,
                "vertical_pod_autoscaler_enabled": true
              }
            ],
            "workload_identity_enabled": true
          },
          "sensitive_attributes": [
            [
              {
                "type": "get_attr",
                "value": "kube_admin_config"
              }
            ],
            [
              {
                "type": "get_attr",
                "value": "windows_profile"
              },
              {
                "type": "index",
                "value": {
                  "value": 0,
                  "type": "number"
                }
              },
              {
                "type": "get_attr",
                "value": "admin_password"
              }
            ],
            [
              {
                "type": "get_attr",
                "value": "kube_admin_config_raw"
              }
            ],
            [
              {
                "type": "get_attr",
                "value": "kube_config_raw"
              }
            ],
            [
              {
                "type": "get_attr",
                "value": "kube_config"
              }
            ]
          ],
          "private": "eyJlMmJmYjczMC1lY2FhLTExZTYtOGY4OC0zNDM2M2JjN2M0YzAiOnsiY3JlYXRlIjo1NDAwMDAwMDAwMDAwLCJkZWxldGUiOjU0MDAwMDAwMDAwMDAsInJlYWQiOjMwMDAwMDAwMDAwMCwidXBkYXRlIjo1NDAwMDAwMDAwMDAwfSwic2NoZW1hX3ZlcnNpb24iOiIyIn0=",
          "dependencies": [
            "azurerm_resource_group.rg-prod",
            "data.azurerm_client_config.current",
            "data.terraform_remote_state.hub",
            "data.terraform_remote_state.management",
            "data.terraform_remote_state.spoke_aks",
            "module.aks-prod.azurerm_role_assignment.contributor",
            "module.aks-prod.azurerm_role_assignment.managed-identity-operator",
            "module.aks-prod.azurerm_role_assignment.network-contributor",
            "module.aks-prod.azurerm_role_assignment.private-dns-zone-contributor",
            "module.aks-prod.azurerm_user_assigned_identity.identity-aks",
            "module.aks-prod.azurerm_user_assigned_identity.identity-kubelet"
          ]
        }
      ]
    },
    {
      "module": "module.aks-prod",
      "mode": "managed",
      "type": "azurerm_role_assignment",
      "name": "acrpull",
      "provider": "provider[\"registry.terraform.io/hashicorp/azurerm\"]",
      "instances": [
        {
          "schema_version": 0,
          "attributes": {
            "condition": "",
            "condition_version": "",
            "delegated_managed_identity_resource_id": "",
            "description": "",
            "id": "/subscriptions/dcef7009-6b94-4382-afdc-17eb160d709a/resourceGroups/rg-lzaks-spoke-aks-infra/providers/Microsoft.ContainerRegistry/registries/acrforakstf01357/providers/Microsoft.Authorization/roleAssignments/d5351811-87d0-8ebd-f9c1-e33c60a9eb36",
            "name": "d5351811-87d0-8ebd-f9c1-e33c60a9eb36",
            "principal_id": "273fef83-f9fe-448c-a9fe-41f816b87bc7",
            "principal_type": "ServicePrincipal",
            "role_definition_id": "/subscriptions/dcef7009-6b94-4382-afdc-17eb160d709a/providers/Microsoft.Authorization/roleDefinitions/7f951dda-4ed3-4680-a7ca-43fe172d538d",
            "role_definition_name": "AcrPull",
            "scope": "/subscriptions/dcef7009-6b94-4382-afdc-17eb160d709a/resourceGroups/rg-lzaks-spoke-aks-infra/providers/Microsoft.ContainerRegistry/registries/acrforakstf01357",
            "skip_service_principal_aad_check": true,
            "timeouts": null
          },
          "sensitive_attributes": [],
          "private": "eyJlMmJmYjczMC1lY2FhLTExZTYtOGY4OC0zNDM2M2JjN2M0YzAiOnsiY3JlYXRlIjoxODAwMDAwMDAwMDAwLCJkZWxldGUiOjE4MDAwMDAwMDAwMDAsInJlYWQiOjMwMDAwMDAwMDAwMH19",
          "dependencies": [
            "azurerm_resource_group.rg-prod",
            "data.terraform_remote_state.spoke_aks",
            "module.aks-prod.azurerm_user_assigned_identity.identity-kubelet"
          ]
        }
      ]
    },
    {
      "module": "module.aks-prod",
      "mode": "managed",
      "type": "azurerm_role_assignment",
      "name": "azure-kubernetes-service-rbac-cluster-admin",
      "provider": "provider[\"registry.terraform.io/hashicorp/azurerm\"]",
      "instances": [
        {
          "schema_version": 0,
          "attributes": {
            "condition": "",
            "condition_version": "",
            "delegated_managed_identity_resource_id": "",
            "description": "",
            "id": "/subscriptions/dcef7009-6b94-4382-afdc-17eb160d709a/resourceGroups/rg-lzaks-spoke-aks-airbus-prod/providers/Microsoft.ContainerService/managedClusters/aks-cluster/providers/Microsoft.Authorization/roleAssignments/96292729-c5cc-8a16-fd27-2f516bc5ea49",
            "name": "96292729-c5cc-8a16-fd27-2f516bc5ea49",
            "principal_id": "54cc1166-3d80-415f-aa75-94c6e36d450e",
            "principal_type": "Group",
            "role_definition_id": "/subscriptions/dcef7009-6b94-4382-afdc-17eb160d709a/providers/Microsoft.Authorization/roleDefinitions/b1ff04bb-8a4e-4dc4-8eb5-8693973ce19b",
            "role_definition_name": "Azure Kubernetes Service RBAC Cluster Admin",
            "scope": "/subscriptions/dcef7009-6b94-4382-afdc-17eb160d709a/resourceGroups/rg-lzaks-spoke-aks-airbus-prod/providers/Microsoft.ContainerService/managedClusters/aks-cluster",
            "skip_service_principal_aad_check": true,
            "timeouts": null
          },
          "sensitive_attributes": [],
          "private": "eyJlMmJmYjczMC1lY2FhLTExZTYtOGY4OC0zNDM2M2JjN2M0YzAiOnsiY3JlYXRlIjoxODAwMDAwMDAwMDAwLCJkZWxldGUiOjE4MDAwMDAwMDAwMDAsInJlYWQiOjMwMDAwMDAwMDAwMH19",
          "dependencies": [
            "azuread_group.aks_admins",
            "azurerm_resource_group.rg-prod",
            "data.azurerm_client_config.current",
            "data.terraform_remote_state.hub",
            "data.terraform_remote_state.management",
            "data.terraform_remote_state.spoke_aks",
            "module.aks-prod.azurerm_kubernetes_cluster.aks",
            "module.aks-prod.azurerm_role_assignment.contributor",
            "module.aks-prod.azurerm_role_assignment.managed-identity-operator",
            "module.aks-prod.azurerm_role_assignment.network-contributor",
            "module.aks-prod.azurerm_role_assignment.private-dns-zone-contributor",
            "module.aks-prod.azurerm_user_assigned_identity.identity-aks",
            "module.aks-prod.azurerm_user_assigned_identity.identity-kubelet"
          ]
        }
      ]
    },
    {
      "module": "module.aks-prod",
      "mode": "managed",
      "type": "azurerm_role_assignment",
      "name": "contributor",
      "provider": "provider[\"registry.terraform.io/hashicorp/azurerm\"]",
      "instances": [
        {
          "schema_version": 0,
          "attributes": {
            "condition": "",
            "condition_version": "",
            "delegated_managed_identity_resource_id": "",
            "description": "",
            "id": "/subscriptions/dcef7009-6b94-4382-afdc-17eb160d709a/resourceGroups/rg-lzaks-spoke-aks-airbus-prod/providers/Microsoft.Authorization/roleAssignments/3eb690e5-474e-c1ed-8252-051cbc8979eb",
            "name": "3eb690e5-474e-c1ed-8252-051cbc8979eb",
            "principal_id": "ad4a4993-1bb5-4f84-8ef6-be507982ede8",
            "principal_type": "ServicePrincipal",
            "role_definition_id": "/subscriptions/dcef7009-6b94-4382-afdc-17eb160d709a/providers/Microsoft.Authorization/roleDefinitions/b24988ac-6180-42a0-ab88-20f7382dd24c",
            "role_definition_name": "Contributor",
            "scope": "/subscriptions/dcef7009-6b94-4382-afdc-17eb160d709a/resourceGroups/rg-lzaks-spoke-aks-airbus-prod",
            "skip_service_principal_aad_check": true,
            "timeouts": null
          },
          "sensitive_attributes": [],
          "private": "eyJlMmJmYjczMC1lY2FhLTExZTYtOGY4OC0zNDM2M2JjN2M0YzAiOnsiY3JlYXRlIjoxODAwMDAwMDAwMDAwLCJkZWxldGUiOjE4MDAwMDAwMDAwMDAsInJlYWQiOjMwMDAwMDAwMDAwMH19",
          "dependencies": [
            "azurerm_resource_group.rg-prod",
            "module.aks-prod.azurerm_user_assigned_identity.identity-aks"
          ]
        }
      ]
    },
    {
      "module": "module.aks-prod",
      "mode": "managed",
      "type": "azurerm_role_assignment",
      "name": "managed-identity-operator",
      "provider": "provider[\"registry.terraform.io/hashicorp/azurerm\"]",
      "instances": [
        {
          "schema_version": 0,
          "attributes": {
            "condition": "",
            "condition_version": "",
            "delegated_managed_identity_resource_id": "",
            "description": "",
            "id": "/subscriptions/dcef7009-6b94-4382-afdc-17eb160d709a/resourceGroups/rg-lzaks-spoke-aks-airbus-prod/providers/Microsoft.ManagedIdentity/userAssignedIdentities/identity-kubelet/providers/Microsoft.Authorization/roleAssignments/313596c7-a565-45e7-d87b-29660454bd5b",
            "name": "313596c7-a565-45e7-d87b-29660454bd5b",
            "principal_id": "ad4a4993-1bb5-4f84-8ef6-be507982ede8",
            "principal_type": "ServicePrincipal",
            "role_definition_id": "/subscriptions/dcef7009-6b94-4382-afdc-17eb160d709a/providers/Microsoft.Authorization/roleDefinitions/f1a07417-d97a-45cb-824c-7a7467783830",
            "role_definition_name": "Managed Identity Operator",
            "scope": "/subscriptions/dcef7009-6b94-4382-afdc-17eb160d709a/resourceGroups/rg-lzaks-spoke-aks-airbus-prod/providers/Microsoft.ManagedIdentity/userAssignedIdentities/identity-kubelet",
            "skip_service_principal_aad_check": true,
            "timeouts": null
          },
          "sensitive_attributes": [],
          "private": "eyJlMmJmYjczMC1lY2FhLTExZTYtOGY4OC0zNDM2M2JjN2M0YzAiOnsiY3JlYXRlIjoxODAwMDAwMDAwMDAwLCJkZWxldGUiOjE4MDAwMDAwMDAwMDAsInJlYWQiOjMwMDAwMDAwMDAwMH19",
          "dependencies": [
            "azurerm_resource_group.rg-prod",
            "module.aks-prod.azurerm_user_assigned_identity.identity-aks",
            "module.aks-prod.azurerm_user_assigned_identity.identity-kubelet"
          ]
        }
      ]
    },
    {
      "module": "module.aks-prod",
      "mode": "managed",
      "type": "azurerm_role_assignment",
      "name": "network-contributor",
      "provider": "provider[\"registry.terraform.io/hashicorp/azurerm\"]",
      "instances": [
        {
          "schema_version": 0,
          "attributes": {
            "condition": "",
            "condition_version": "",
            "delegated_managed_identity_resource_id": "",
            "description": "",
            "id": "/subscriptions/dcef7009-6b94-4382-afdc-17eb160d709a/resourceGroups/rg-lzaks-spoke-aks-infra/providers/Microsoft.Network/virtualNetworks/vnet-spoke-aks/providers/Microsoft.Authorization/roleAssignments/4b5846d6-9000-454a-2051-96f219286bcc",
            "name": "4b5846d6-9000-454a-2051-96f219286bcc",
            "principal_id": "ad4a4993-1bb5-4f84-8ef6-be507982ede8",
            "principal_type": "ServicePrincipal",
            "role_definition_id": "/subscriptions/dcef7009-6b94-4382-afdc-17eb160d709a/providers/Microsoft.Authorization/roleDefinitions/4d97b98b-1d4f-4787-a291-c67834d212e7",
            "role_definition_name": "Network Contributor",
            "scope": "/subscriptions/dcef7009-6b94-4382-afdc-17eb160d709a/resourceGroups/rg-lzaks-spoke-aks-infra/providers/Microsoft.Network/virtualNetworks/vnet-spoke-aks",
            "skip_service_principal_aad_check": true,
            "timeouts": null
          },
          "sensitive_attributes": [],
          "private": "eyJlMmJmYjczMC1lY2FhLTExZTYtOGY4OC0zNDM2M2JjN2M0YzAiOnsiY3JlYXRlIjoxODAwMDAwMDAwMDAwLCJkZWxldGUiOjE4MDAwMDAwMDAwMDAsInJlYWQiOjMwMDAwMDAwMDAwMH19",
          "dependencies": [
            "azurerm_resource_group.rg-prod",
            "data.terraform_remote_state.spoke_aks",
            "module.aks-prod.azurerm_user_assigned_identity.identity-aks"
          ]
        }
      ]
    },
    {
      "module": "module.aks-prod",
      "mode": "managed",
      "type": "azurerm_role_assignment",
      "name": "private-dns-zone-contributor",
      "provider": "provider[\"registry.terraform.io/hashicorp/azurerm\"]",
      "instances": [
        {
          "schema_version": 0,
          "attributes": {
            "condition": "",
            "condition_version": "",
            "delegated_managed_identity_resource_id": "",
            "description": "",
            "id": "/subscriptions/dcef7009-6b94-4382-afdc-17eb160d709a/resourceGroups/rg-lzaks-hub/providers/Microsoft.Network/privateDnsZones/privatelink.swedencentral.azmk8s.io/providers/Microsoft.Authorization/roleAssignments/88a307db-5856-ce1a-0a81-fc1c0f7c9f32",
            "name": "88a307db-5856-ce1a-0a81-fc1c0f7c9f32",
            "principal_id": "ad4a4993-1bb5-4f84-8ef6-be507982ede8",
            "principal_type": "ServicePrincipal",
            "role_definition_id": "/subscriptions/dcef7009-6b94-4382-afdc-17eb160d709a/providers/Microsoft.Authorization/roleDefinitions/b12aa53e-6015-4669-85d0-8515ebb3ae7f",
            "role_definition_name": "Private DNS Zone Contributor",
            "scope": "/subscriptions/dcef7009-6b94-4382-afdc-17eb160d709a/resourceGroups/rg-lzaks-hub/providers/Microsoft.Network/privateDnsZones/privatelink.swedencentral.azmk8s.io",
            "skip_service_principal_aad_check": true,
            "timeouts": null
          },
          "sensitive_attributes": [],
          "private": "eyJlMmJmYjczMC1lY2FhLTExZTYtOGY4OC0zNDM2M2JjN2M0YzAiOnsiY3JlYXRlIjoxODAwMDAwMDAwMDAwLCJkZWxldGUiOjE4MDAwMDAwMDAwMDAsInJlYWQiOjMwMDAwMDAwMDAwMH19",
          "dependencies": [
            "azurerm_resource_group.rg-prod",
            "data.terraform_remote_state.hub",
            "module.aks-prod.azurerm_user_assigned_identity.identity-aks"
          ]
        }
      ]
    },
    {
      "module": "module.aks-prod",
      "mode": "managed",
      "type": "azurerm_user_assigned_identity",
      "name": "identity-aks",
      "provider": "provider[\"registry.terraform.io/hashicorp/azurerm\"]",
      "instances": [
        {
          "schema_version": 1,
          "attributes": {
            "client_id": "63e9282c-5fd2-4d3c-a99d-b4cd1d476006",
            "id": "/subscriptions/dcef7009-6b94-4382-afdc-17eb160d709a/resourceGroups/rg-lzaks-spoke-aks-airbus-prod/providers/Microsoft.ManagedIdentity/userAssignedIdentities/identity-aks",
            "location": "swedencentral",
            "name": "identity-aks",
            "principal_id": "ad4a4993-1bb5-4f84-8ef6-be507982ede8",
            "resource_group_name": "rg-lzaks-spoke-aks-airbus-prod",
            "tags": {
              "architecture": "Hub\u0026Spoke",
              "environment": "development",
              "source": "terraform"
            },
            "tenant_id": "93139d1e-a3c1-4d78-9ed5-878be090eba4",
            "timeouts": null
          },
          "sensitive_attributes": [],
          "private": "eyJlMmJmYjczMC1lY2FhLTExZTYtOGY4OC0zNDM2M2JjN2M0YzAiOnsiY3JlYXRlIjoxODAwMDAwMDAwMDAwLCJkZWxldGUiOjE4MDAwMDAwMDAwMDAsInJlYWQiOjMwMDAwMDAwMDAwMCwidXBkYXRlIjoxODAwMDAwMDAwMDAwfSwic2NoZW1hX3ZlcnNpb24iOiIxIn0=",
          "dependencies": [
            "azurerm_resource_group.rg-prod"
          ]
        }
      ]
    },
    {
      "module": "module.aks-prod",
      "mode": "managed",
      "type": "azurerm_user_assigned_identity",
      "name": "identity-kubelet",
      "provider": "provider[\"registry.terraform.io/hashicorp/azurerm\"]",
      "instances": [
        {
          "schema_version": 1,
          "attributes": {
            "client_id": "289433f1-febd-40f3-8edb-a53787b12027",
            "id": "/subscriptions/dcef7009-6b94-4382-afdc-17eb160d709a/resourceGroups/rg-lzaks-spoke-aks-airbus-prod/providers/Microsoft.ManagedIdentity/userAssignedIdentities/identity-kubelet",
            "location": "swedencentral",
            "name": "identity-kubelet",
            "principal_id": "273fef83-f9fe-448c-a9fe-41f816b87bc7",
            "resource_group_name": "rg-lzaks-spoke-aks-airbus-prod",
            "tags": {
              "architecture": "Hub\u0026Spoke",
              "environment": "development",
              "source": "terraform"
            },
            "tenant_id": "93139d1e-a3c1-4d78-9ed5-878be090eba4",
            "timeouts": null
          },
          "sensitive_attributes": [],
          "private": "eyJlMmJmYjczMC1lY2FhLTExZTYtOGY4OC0zNDM2M2JjN2M0YzAiOnsiY3JlYXRlIjoxODAwMDAwMDAwMDAwLCJkZWxldGUiOjE4MDAwMDAwMDAwMDAsInJlYWQiOjMwMDAwMDAwMDAwMCwidXBkYXRlIjoxODAwMDAwMDAwMDAwfSwic2NoZW1hX3ZlcnNpb24iOiIxIn0=",
          "dependencies": [
            "azurerm_resource_group.rg-prod"
          ]
        }
      ]
    },
    {
      "module": "module.aks-prod",
      "mode": "managed",
      "type": "terraform_data",
      "name": "aks-get-credentials",
      "provider": "provider[\"terraform.io/builtin/terraform\"]",
      "instances": [
        {
          "schema_version": 0,
          "attributes": {
            "id": "aa0c7774-9958-e16a-923a-1d969ab00c7b",
            "input": null,
            "output": null,
            "triggers_replace": {
              "value": [
                "/subscriptions/dcef7009-6b94-4382-afdc-17eb160d709a/resourceGroups/rg-lzaks-spoke-aks-airbus-prod/providers/Microsoft.ContainerService/managedClusters/aks-cluster"
              ],
              "type": [
                "tuple",
                [
                  "string"
                ]
              ]
            }
          },
          "sensitive_attributes": [],
          "dependencies": [
            "azurerm_resource_group.rg-prod",
            "data.azurerm_client_config.current",
            "data.terraform_remote_state.hub",
            "data.terraform_remote_state.management",
            "data.terraform_remote_state.spoke_aks",
            "module.aks-prod.azurerm_kubernetes_cluster.aks",
            "module.aks-prod.azurerm_role_assignment.contributor",
            "module.aks-prod.azurerm_role_assignment.managed-identity-operator",
            "module.aks-prod.azurerm_role_assignment.network-contributor",
            "module.aks-prod.azurerm_role_assignment.private-dns-zone-contributor",
            "module.aks-prod.azurerm_user_assigned_identity.identity-aks",
            "module.aks-prod.azurerm_user_assigned_identity.identity-kubelet"
          ]
        }
      ]
    }
  ],
  "check_results": null
}
